{
  "version": 4,
  "terraform_version": "1.13.5",
  "serial": 731,
  "lineage": "e05a2f5d-34f5-ee1d-9fdf-346bbc80ab8a",
  "outputs": {
    "aci_public_ip": {
      "value": "4.230.106.248",
      "type": "string"
    },
    "acr_login_command": {
      "value": "az acr login --name wwwacripn9",
      "type": "string"
    },
    "acr_login_server": {
      "value": "wwwacripn9.azurecr.io",
      "type": "string"
    },
    "key_vault_name": {
      "value": "www-kv-b8db10fd",
      "type": "string"
    },
    "location": {
      "value": "koreacentral",
      "type": "string"
    },
    "log_analytics_workspace_id": {
      "value": "/subscriptions/99b79efe-ebd6-468c-b39f-5669acb259e1/resourceGroups/04-t1-www-rg/providers/Microsoft.OperationalInsights/workspaces/www-law",
      "type": "string"
    },
    "mysql_connection_command": {
      "value": "mysql -h www-mysql-server-1zhm.mysql.database.azure.com -u www -p www_sql",
      "type": "string"
    },
    "mysql_host": {
      "value": "www-mysql-server-1zhm.mysql.database.azure.com",
      "type": "string"
    },
    "quick_start_guide": {
      "value": "  \n═══════════════════════════════════════════\n Azure 인프라 시작 가이드\n═══════════════════════════════════════════\n  \n[1] 웹 서비스 확인\n    www-tm.trafficmanager.net\n  \n[2] VMSS 인스턴스 조회\n    terraform output vmss_web_list_command\n    terraform output vmss_was_list_command\n  \n[3] SSH 접속 방법\n    terraform output ssh_connection_guide\n  \n[4] 데이터베이스 접속 (VMSS 내부)\n    MySQL: terraform output mysql_connection_command\n    Redis: terraform output redis_connection_command\n  \n[5] 컨테이너 레지스트리\n    terraform output acr_login_command\n  \n═══════════════════════════════════════════\n  \n",
      "type": "string"
    },
    "redis_connection_command": {
      "value": "redis-cli -h www-redis-cache-kmfc.redis.cache.windows.net -p 6380 --tls",
      "type": "string"
    },
    "redis_host": {
      "value": "www-redis-cache-kmfc.redis.cache.windows.net",
      "type": "string"
    },
    "redis_port": {
      "value": 6380,
      "type": "number"
    },
    "resource_group": {
      "value": "04-t1-www-rg",
      "type": "string"
    },
    "ssh_connection_guide": {
      "value": "  \n[1단계] VMSS 인스턴스 ID 가져오기:\nterraform output vmss_web_list_command\n  \n[2단계] Bastion 터널 생성 (PowerShell):\n$vmId = \"\u003c인스턴스_ID\u003e\"\naz network bastion tunnel --name hub-bastion --resource-group 04-t1-www-rg --target-resource-id $vmId --resource-port 22 --port 50022\n  \n[3단계] 새 터미널에서 SSH 접속:\nssh -p 50022 www@localhost\n  \n",
      "type": "string"
    },
    "storage_account_name": {
      "value": "wwwstoragehdxo",
      "type": "string"
    },
    "vmss_was_list_command": {
      "value": "az vmss list-instances --name was-vmss --resource-group 04-t1-www-rg --output table",
      "type": "string"
    },
    "vmss_web_list_command": {
      "value": "az vmss list-instances --name web-vmss --resource-group 04-t1-www-rg --output table",
      "type": "string"
    },
    "web_service_url": {
      "value": "http://www-tm.trafficmanager.net",
      "type": "string"
    }
  },
  "resources": [
    {
      "mode": "data",
      "type": "azuread_user",
      "name": "compute_admin",
      "provider": "provider[\"registry.terraform.io/hashicorp/azuread\"]",
      "instances": [
        {
          "schema_version": 0,
          "attributes": {
            "account_enabled": true,
            "age_group": "",
            "business_phones": [],
            "city": "",
            "company_name": "",
            "consent_provided_for_minor": "",
            "cost_center": null,
            "country": "",
            "creation_type": "",
            "department": "",
            "display_name": "배하영",
            "division": null,
            "employee_id": "",
            "employee_type": "",
            "external_user_state": "",
            "fax_number": "",
            "given_name": "",
            "id": "5a54cace-68ce-40f1-b485-b32a226e50e5",
            "im_addresses": [],
            "job_title": "",
            "mail": "",
            "mail_nickname": "student11",
            "manager_id": "",
            "mobile_phone": "",
            "object_id": "5a54cace-68ce-40f1-b485-b32a226e50e5",
            "office_location": "",
            "onpremises_distinguished_name": "",
            "onpremises_domain_name": "",
            "onpremises_immutable_id": "",
            "onpremises_sam_account_name": "",
            "onpremises_security_identifier": "",
            "onpremises_sync_enabled": false,
            "onpremises_user_principal_name": "",
            "other_mails": [],
            "postal_code": "",
            "preferred_language": "",
            "proxy_addresses": [],
            "show_in_address_list": false,
            "state": "",
            "street_address": "",
            "surname": "",
            "timeouts": null,
            "usage_location": "",
            "user_principal_name": "student411@mscsschool.onmicrosoft.com",
            "user_type": "Member"
          },
          "sensitive_attributes": [],
          "identity_schema_version": 0
        }
      ]
    },
    {
      "mode": "data",
      "type": "azuread_user",
      "name": "db_admin",
      "provider": "provider[\"registry.terraform.io/hashicorp/azuread\"]",
      "instances": [
        {
          "schema_version": 0,
          "attributes": {
            "account_enabled": true,
            "age_group": "",
            "business_phones": [],
            "city": "",
            "company_name": "",
            "consent_provided_for_minor": "",
            "cost_center": null,
            "country": "",
            "creation_type": "",
            "department": "",
            "display_name": "이두경",
            "division": null,
            "employee_id": "",
            "employee_type": "",
            "external_user_state": "",
            "fax_number": "",
            "given_name": "",
            "id": "492131b6-671b-43f1-ac1e-db6a26222569",
            "im_addresses": [],
            "job_title": "",
            "mail": "",
            "mail_nickname": "student421",
            "manager_id": "",
            "mobile_phone": "",
            "object_id": "492131b6-671b-43f1-ac1e-db6a26222569",
            "office_location": "",
            "onpremises_distinguished_name": "",
            "onpremises_domain_name": "",
            "onpremises_immutable_id": "",
            "onpremises_sam_account_name": "",
            "onpremises_security_identifier": "",
            "onpremises_sync_enabled": false,
            "onpremises_user_principal_name": "",
            "other_mails": [],
            "postal_code": "",
            "preferred_language": "",
            "proxy_addresses": [],
            "show_in_address_list": false,
            "state": "",
            "street_address": "",
            "surname": "",
            "timeouts": null,
            "usage_location": "",
            "user_principal_name": "student421@mscsschool.onmicrosoft.com",
            "user_type": "Member"
          },
          "sensitive_attributes": [],
          "identity_schema_version": 0
        }
      ]
    },
    {
      "mode": "data",
      "type": "azuread_user",
      "name": "network_admin",
      "provider": "provider[\"registry.terraform.io/hashicorp/azuread\"]",
      "instances": [
        {
          "schema_version": 0,
          "attributes": {
            "account_enabled": true,
            "age_group": "",
            "business_phones": [],
            "city": "",
            "company_name": "",
            "consent_provided_for_minor": "",
            "cost_center": null,
            "country": "",
            "creation_type": "",
            "department": "",
            "display_name": "이하연",
            "division": null,
            "employee_id": "",
            "employee_type": "",
            "external_user_state": "",
            "fax_number": "",
            "given_name": "",
            "id": "459480bc-f44e-4582-8c98-71fa3d881811",
            "im_addresses": [],
            "job_title": "",
            "mail": "",
            "mail_nickname": "student424",
            "manager_id": "",
            "mobile_phone": "",
            "object_id": "459480bc-f44e-4582-8c98-71fa3d881811",
            "office_location": "",
            "onpremises_distinguished_name": "",
            "onpremises_domain_name": "",
            "onpremises_immutable_id": "",
            "onpremises_sam_account_name": "",
            "onpremises_security_identifier": "",
            "onpremises_sync_enabled": false,
            "onpremises_user_principal_name": "",
            "other_mails": [],
            "postal_code": "",
            "preferred_language": "",
            "proxy_addresses": [],
            "show_in_address_list": false,
            "state": "",
            "street_address": "",
            "surname": "",
            "timeouts": null,
            "usage_location": "",
            "user_principal_name": "student424@mscsschool.onmicrosoft.com",
            "user_type": "Member"
          },
          "sensitive_attributes": [],
          "identity_schema_version": 0
        }
      ]
    },
    {
      "mode": "data",
      "type": "azuread_user",
      "name": "pm_user",
      "provider": "provider[\"registry.terraform.io/hashicorp/azuread\"]",
      "instances": [
        {
          "schema_version": 0,
          "attributes": {
            "account_enabled": true,
            "age_group": "",
            "business_phones": [],
            "city": "",
            "company_name": "",
            "consent_provided_for_minor": "",
            "cost_center": null,
            "country": "",
            "creation_type": "",
            "department": "",
            "display_name": "이기훈",
            "division": null,
            "employee_id": "",
            "employee_type": "",
            "external_user_state": "",
            "fax_number": "",
            "given_name": "",
            "id": "cbca0876-4730-495c-8c47-18b9c9af868a",
            "im_addresses": [],
            "job_title": "",
            "mail": "",
            "mail_nickname": "student420",
            "manager_id": "",
            "mobile_phone": "",
            "object_id": "cbca0876-4730-495c-8c47-18b9c9af868a",
            "office_location": "",
            "onpremises_distinguished_name": "",
            "onpremises_domain_name": "",
            "onpremises_immutable_id": "",
            "onpremises_sam_account_name": "",
            "onpremises_security_identifier": "",
            "onpremises_sync_enabled": false,
            "onpremises_user_principal_name": "",
            "other_mails": [],
            "postal_code": "",
            "preferred_language": "",
            "proxy_addresses": [],
            "show_in_address_list": false,
            "state": "",
            "street_address": "",
            "surname": "",
            "timeouts": null,
            "usage_location": "",
            "user_principal_name": "student420@mscsschool.onmicrosoft.com",
            "user_type": "Member"
          },
          "sensitive_attributes": [],
          "identity_schema_version": 0
        }
      ]
    },
    {
      "mode": "data",
      "type": "azuread_user",
      "name": "security_admin",
      "provider": "provider[\"registry.terraform.io/hashicorp/azuread\"]",
      "instances": [
        {
          "schema_version": 0,
          "attributes": {
            "account_enabled": true,
            "age_group": "",
            "business_phones": [],
            "city": "",
            "company_name": "",
            "consent_provided_for_minor": "",
            "cost_center": null,
            "country": "",
            "creation_type": "",
            "department": "",
            "display_name": "정현지",
            "division": null,
            "employee_id": "",
            "employee_type": "",
            "external_user_state": "",
            "fax_number": "",
            "given_name": "",
            "id": "b9d57093-411e-4141-b5a5-faf01b0edd17",
            "im_addresses": [],
            "job_title": "",
            "mail": "",
            "mail_nickname": "student426",
            "manager_id": "",
            "mobile_phone": "",
            "object_id": "b9d57093-411e-4141-b5a5-faf01b0edd17",
            "office_location": "",
            "onpremises_distinguished_name": "",
            "onpremises_domain_name": "",
            "onpremises_immutable_id": "",
            "onpremises_sam_account_name": "",
            "onpremises_security_identifier": "",
            "onpremises_sync_enabled": false,
            "onpremises_user_principal_name": "",
            "other_mails": [],
            "postal_code": "",
            "preferred_language": "",
            "proxy_addresses": [],
            "show_in_address_list": false,
            "state": "",
            "street_address": "",
            "surname": "",
            "timeouts": null,
            "usage_location": "",
            "user_principal_name": "student426@mscsschool.onmicrosoft.com",
            "user_type": "Member"
          },
          "sensitive_attributes": [],
          "identity_schema_version": 0
        }
      ]
    },
    {
      "mode": "managed",
      "type": "azurerm_dns_a_record",
      "name": "root_public",
      "provider": "provider[\"registry.terraform.io/hashicorp/azurerm\"]",
      "instances": [
        {
          "schema_version": 1,
          "attributes": {
            "fqdn": "04www.cloud.",
            "id": "/subscriptions/99b79efe-ebd6-468c-b39f-5669acb259e1/resourceGroups/04-t1-www-rg/providers/Microsoft.Network/dnsZones/04www.cloud/A/@",
            "name": "@",
            "records": [
              "20.214.121.221"
            ],
            "resource_group_name": "04-t1-www-rg",
            "tags": {},
            "target_resource_id": "",
            "timeouts": null,
            "ttl": 300,
            "zone_name": "04www.cloud"
          },
          "sensitive_attributes": [],
          "identity_schema_version": 0,
          "private": "eyJlMmJmYjczMC1lY2FhLTExZTYtOGY4OC0zNDM2M2JjN2M0YzAiOnsiY3JlYXRlIjoxODAwMDAwMDAwMDAwLCJkZWxldGUiOjE4MDAwMDAwMDAwMDAsInJlYWQiOjMwMDAwMDAwMDAwMCwidXBkYXRlIjoxODAwMDAwMDAwMDAwfSwic2NoZW1hX3ZlcnNpb24iOiIxIn0=",
          "dependencies": [
            "azurerm_dns_zone.public",
            "azurerm_resource_group.rg",
            "module.network_central.azurerm_public_ip.lb_pip"
          ]
        }
      ]
    },
    {
      "mode": "managed",
      "type": "azurerm_dns_a_record",
      "name": "www_public",
      "provider": "provider[\"registry.terraform.io/hashicorp/azurerm\"]",
      "instances": [
        {
          "schema_version": 1,
          "attributes": {
            "fqdn": "www.04www.cloud.",
            "id": "/subscriptions/99b79efe-ebd6-468c-b39f-5669acb259e1/resourceGroups/04-t1-www-rg/providers/Microsoft.Network/dnsZones/04www.cloud/A/www",
            "name": "www",
            "records": [
              "20.214.121.221"
            ],
            "resource_group_name": "04-t1-www-rg",
            "tags": {},
            "target_resource_id": "",
            "timeouts": null,
            "ttl": 300,
            "zone_name": "04www.cloud"
          },
          "sensitive_attributes": [],
          "identity_schema_version": 0,
          "private": "eyJlMmJmYjczMC1lY2FhLTExZTYtOGY4OC0zNDM2M2JjN2M0YzAiOnsiY3JlYXRlIjoxODAwMDAwMDAwMDAwLCJkZWxldGUiOjE4MDAwMDAwMDAwMDAsInJlYWQiOjMwMDAwMDAwMDAwMCwidXBkYXRlIjoxODAwMDAwMDAwMDAwfSwic2NoZW1hX3ZlcnNpb24iOiIxIn0=",
          "dependencies": [
            "azurerm_dns_zone.public",
            "azurerm_resource_group.rg",
            "module.network_central.azurerm_public_ip.lb_pip"
          ]
        }
      ]
    },
    {
      "mode": "managed",
      "type": "azurerm_dns_zone",
      "name": "public",
      "provider": "provider[\"registry.terraform.io/hashicorp/azurerm\"]",
      "instances": [
        {
          "schema_version": 2,
          "attributes": {
            "id": "/subscriptions/99b79efe-ebd6-468c-b39f-5669acb259e1/resourceGroups/04-t1-www-rg/providers/Microsoft.Network/dnsZones/04www.cloud",
            "max_number_of_record_sets": 10000,
            "name": "04www.cloud",
            "name_servers": [
              "ns1-06.azure-dns.com.",
              "ns2-06.azure-dns.net.",
              "ns3-06.azure-dns.org.",
              "ns4-06.azure-dns.info."
            ],
            "number_of_record_sets": 4,
            "resource_group_name": "04-t1-www-rg",
            "soa_record": [
              {
                "email": "azuredns-hostmaster.microsoft.com",
                "expire_time": 2419200,
                "fqdn": "04www.cloud.",
                "host_name": "ns1-06.azure-dns.com.",
                "minimum_ttl": 300,
                "refresh_time": 3600,
                "retry_time": 300,
                "serial_number": 1,
                "tags": {},
                "ttl": 3600
              }
            ],
            "tags": {
              "Environment": "Production",
              "ManagedBy": "Terraform",
              "Purpose": "Public-DNS"
            },
            "timeouts": null
          },
          "sensitive_attributes": [],
          "identity_schema_version": 0,
          "private": "eyJlMmJmYjczMC1lY2FhLTExZTYtOGY4OC0zNDM2M2JjN2M0YzAiOnsiY3JlYXRlIjoxODAwMDAwMDAwMDAwLCJkZWxldGUiOjE4MDAwMDAwMDAwMDAsInJlYWQiOjMwMDAwMDAwMDAwMCwidXBkYXRlIjoxODAwMDAwMDAwMDAwfSwic2NoZW1hX3ZlcnNpb24iOiIyIn0=",
          "dependencies": [
            "azurerm_resource_group.rg"
          ]
        }
      ]
    },
    {
      "mode": "managed",
      "type": "azurerm_private_dns_a_record",
      "name": "db_private",
      "provider": "provider[\"registry.terraform.io/hashicorp/azurerm\"]",
      "instances": [
        {
          "schema_version": 0,
          "attributes": {
            "fqdn": "db.04www.cloud.",
            "id": "/subscriptions/99b79efe-ebd6-468c-b39f-5669acb259e1/resourceGroups/04-t1-www-rg/providers/Microsoft.Network/privateDnsZones/04www.cloud/A/db",
            "name": "db",
            "records": [
              "172.16.1.4"
            ],
            "resource_group_name": "04-t1-www-rg",
            "tags": {},
            "timeouts": null,
            "ttl": 300,
            "zone_name": "04www.cloud"
          },
          "sensitive_attributes": [],
          "identity_schema_version": 0,
          "private": "eyJlMmJmYjczMC1lY2FhLTExZTYtOGY4OC0zNDM2M2JjN2M0YzAiOnsiY3JlYXRlIjoxODAwMDAwMDAwMDAwLCJkZWxldGUiOjE4MDAwMDAwMDAwMDAsInJlYWQiOjMwMDAwMDAwMDAwMCwidXBkYXRlIjoxODAwMDAwMDAwMDAwfX0=",
          "dependencies": [
            "azurerm_private_dns_zone.private",
            "azurerm_resource_group.rg",
            "module.database.azurerm_mysql_flexible_server.www_mysql",
            "module.database.azurerm_private_dns_zone.mysql_dns_zone",
            "module.database.azurerm_private_endpoint.mysql_pe",
            "module.database.random_string.mysql_suffix",
            "module.network_central.azurerm_subnet.subnets",
            "module.network_central.azurerm_virtual_network.vnet"
          ]
        }
      ]
    },
    {
      "mode": "managed",
      "type": "azurerm_private_dns_zone",
      "name": "private",
      "provider": "provider[\"registry.terraform.io/hashicorp/azurerm\"]",
      "instances": [
        {
          "schema_version": 0,
          "attributes": {
            "id": "/subscriptions/99b79efe-ebd6-468c-b39f-5669acb259e1/resourceGroups/04-t1-www-rg/providers/Microsoft.Network/privateDnsZones/04www.cloud",
            "max_number_of_record_sets": 25000,
            "max_number_of_virtual_network_links": 1000,
            "max_number_of_virtual_network_links_with_registration": 100,
            "name": "04www.cloud",
            "number_of_record_sets": 9,
            "resource_group_name": "04-t1-www-rg",
            "soa_record": [
              {
                "email": "azureprivatedns-host.microsoft.com",
                "expire_time": 2419200,
                "fqdn": "04www.cloud.",
                "host_name": "azureprivatedns.net",
                "minimum_ttl": 10,
                "refresh_time": 3600,
                "retry_time": 300,
                "serial_number": 1,
                "tags": {},
                "ttl": 3600
              }
            ],
            "tags": {
              "Environment": "Production",
              "ManagedBy": "Terraform",
              "Purpose": "Private-DNS"
            },
            "timeouts": null
          },
          "sensitive_attributes": [],
          "identity_schema_version": 0,
          "identity": {
            "name": "04www.cloud",
            "resource_group_name": "04-t1-www-rg",
            "subscription_id": "99b79efe-ebd6-468c-b39f-5669acb259e1"
          },
          "private": "eyJlMmJmYjczMC1lY2FhLTExZTYtOGY4OC0zNDM2M2JjN2M0YzAiOnsiY3JlYXRlIjoxODAwMDAwMDAwMDAwLCJkZWxldGUiOjE4MDAwMDAwMDAwMDAsInJlYWQiOjMwMDAwMDAwMDAwMCwidXBkYXRlIjoxODAwMDAwMDAwMDAwfX0=",
          "dependencies": [
            "azurerm_resource_group.rg"
          ]
        }
      ]
    },
    {
      "mode": "managed",
      "type": "azurerm_private_dns_zone_virtual_network_link",
      "name": "link_hub",
      "provider": "provider[\"registry.terraform.io/hashicorp/azurerm\"]",
      "instances": [
        {
          "schema_version": 0,
          "attributes": {
            "id": "/subscriptions/99b79efe-ebd6-468c-b39f-5669acb259e1/resourceGroups/04-t1-www-rg/providers/Microsoft.Network/privateDnsZones/04www.cloud/virtualNetworkLinks/link-hub",
            "name": "link-hub",
            "private_dns_zone_name": "04www.cloud",
            "registration_enabled": false,
            "resolution_policy": "",
            "resource_group_name": "04-t1-www-rg",
            "tags": {},
            "timeouts": {
              "create": "30m",
              "delete": "30m",
              "read": null,
              "update": "30m"
            },
            "virtual_network_id": "/subscriptions/99b79efe-ebd6-468c-b39f-5669acb259e1/resourceGroups/04-t1-www-rg/providers/Microsoft.Network/virtualNetworks/hub-vnet"
          },
          "sensitive_attributes": [],
          "identity_schema_version": 0,
          "identity": {
            "name": "link-hub",
            "private_dns_zone_name": "04www.cloud",
            "resource_group_name": "04-t1-www-rg",
            "subscription_id": "99b79efe-ebd6-468c-b39f-5669acb259e1"
          },
          "private": "eyJlMmJmYjczMC1lY2FhLTExZTYtOGY4OC0zNDM2M2JjN2M0YzAiOnsiY3JlYXRlIjoxODAwMDAwMDAwMDAwLCJkZWxldGUiOjE4MDAwMDAwMDAwMDAsInJlYWQiOjMwMDAwMDAwMDAwMCwidXBkYXRlIjoxODAwMDAwMDAwMDAwfX0=",
          "dependencies": [
            "azurerm_private_dns_zone.private",
            "azurerm_resource_group.rg",
            "module.hub.azurerm_virtual_network.hub_vnet"
          ]
        }
      ]
    },
    {
      "mode": "managed",
      "type": "azurerm_private_dns_zone_virtual_network_link",
      "name": "link_vnet0",
      "provider": "provider[\"registry.terraform.io/hashicorp/azurerm\"]",
      "instances": [
        {
          "schema_version": 0,
          "attributes": {
            "id": "/subscriptions/99b79efe-ebd6-468c-b39f-5669acb259e1/resourceGroups/04-t1-www-rg/providers/Microsoft.Network/privateDnsZones/04www.cloud/virtualNetworkLinks/link-vnet0",
            "name": "link-vnet0",
            "private_dns_zone_name": "04www.cloud",
            "registration_enabled": true,
            "resolution_policy": "",
            "resource_group_name": "04-t1-www-rg",
            "tags": {},
            "timeouts": {
              "create": "30m",
              "delete": "30m",
              "read": null,
              "update": "30m"
            },
            "virtual_network_id": "/subscriptions/99b79efe-ebd6-468c-b39f-5669acb259e1/resourceGroups/04-t1-www-rg/providers/Microsoft.Network/virtualNetworks/vnet0"
          },
          "sensitive_attributes": [],
          "identity_schema_version": 0,
          "identity": {
            "name": "link-vnet0",
            "private_dns_zone_name": "04www.cloud",
            "resource_group_name": "04-t1-www-rg",
            "subscription_id": "99b79efe-ebd6-468c-b39f-5669acb259e1"
          },
          "private": "eyJlMmJmYjczMC1lY2FhLTExZTYtOGY4OC0zNDM2M2JjN2M0YzAiOnsiY3JlYXRlIjoxODAwMDAwMDAwMDAwLCJkZWxldGUiOjE4MDAwMDAwMDAwMDAsInJlYWQiOjMwMDAwMDAwMDAwMCwidXBkYXRlIjoxODAwMDAwMDAwMDAwfX0=",
          "dependencies": [
            "azurerm_private_dns_zone.private",
            "azurerm_resource_group.rg",
            "module.network_central.azurerm_virtual_network.vnet"
          ]
        }
      ]
    },
    {
      "mode": "managed",
      "type": "azurerm_resource_group",
      "name": "rg",
      "provider": "provider[\"registry.terraform.io/hashicorp/azurerm\"]",
      "instances": [
        {
          "schema_version": 0,
          "attributes": {
            "id": "/subscriptions/99b79efe-ebd6-468c-b39f-5669acb259e1/resourceGroups/04-t1-www-rg",
            "location": "koreacentral",
            "managed_by": "",
            "name": "04-t1-www-rg",
            "tags": {
              "Environment": "Production",
              "ManagedBy": "Terraform",
              "Purpose": "Main-Resource-Group"
            },
            "timeouts": null
          },
          "sensitive_attributes": [],
          "identity_schema_version": 0,
          "identity": {
            "name": "04-t1-www-rg",
            "subscription_id": "99b79efe-ebd6-468c-b39f-5669acb259e1"
          },
          "private": "eyJlMmJmYjczMC1lY2FhLTExZTYtOGY4OC0zNDM2M2JjN2M0YzAiOnsiY3JlYXRlIjo1NDAwMDAwMDAwMDAwLCJkZWxldGUiOjU0MDAwMDAwMDAwMDAsInJlYWQiOjMwMDAwMDAwMDAwMCwidXBkYXRlIjo1NDAwMDAwMDAwMDAwfX0="
        }
      ]
    },
    {
      "mode": "managed",
      "type": "azurerm_resource_group_policy_assignment",
      "name": "allowed_locations",
      "provider": "provider[\"registry.terraform.io/hashicorp/azurerm\"]",
      "instances": [
        {
          "schema_version": 0,
          "attributes": {
            "description": "이 정책은 리소스를 한국 리전(Central, South)에만 배포하도록 제한합니다.",
            "display_name": "Allowed Locations - Korea Only",
            "enforce": true,
            "id": "/subscriptions/99b79efe-ebd6-468c-b39f-5669acb259e1/resourceGroups/04-t1-www-rg/providers/Microsoft.Authorization/policyAssignments/allowed-locations",
            "identity": [],
            "location": "",
            "metadata": "{\"createdBy\":\"492131b6-671b-43f1-ac1e-db6a26222569\",\"createdOn\":\"2025-12-02T01:34:25.7049911Z\",\"updatedBy\":null,\"updatedOn\":null}",
            "name": "allowed-locations",
            "non_compliance_message": [],
            "not_scopes": [],
            "overrides": [],
            "parameters": "{\"listOfAllowedLocations\":{\"value\":[\"koreacentral\",\"koreasouth\"]}}",
            "policy_definition_id": "/providers/Microsoft.Authorization/policyDefinitions/e56962a6-4747-49cd-b67b-bf8b01975c4c",
            "resource_group_id": "/subscriptions/99b79efe-ebd6-468c-b39f-5669acb259e1/resourceGroups/04-t1-www-rg",
            "resource_selectors": [],
            "timeouts": null
          },
          "sensitive_attributes": [],
          "identity_schema_version": 0,
          "private": "eyJlMmJmYjczMC1lY2FhLTExZTYtOGY4OC0zNDM2M2JjN2M0YzAiOnsiY3JlYXRlIjoxODAwMDAwMDAwMDAwLCJkZWxldGUiOjE4MDAwMDAwMDAwMDAsInJlYWQiOjMwMDAwMDAwMDAwMCwidXBkYXRlIjoxODAwMDAwMDAwMDAwfX0=",
          "dependencies": [
            "azurerm_resource_group.rg"
          ]
        }
      ]
    },
    {
      "mode": "managed",
      "type": "azurerm_resource_group_policy_assignment",
      "name": "require_tag",
      "provider": "provider[\"registry.terraform.io/hashicorp/azurerm\"]",
      "instances": [
        {
          "schema_version": 0,
          "attributes": {
            "description": "리소스 그룹에 특정 태그가 필요합니다.",
            "display_name": "Require a tag on resource groups",
            "enforce": true,
            "id": "/subscriptions/99b79efe-ebd6-468c-b39f-5669acb259e1/resourceGroups/04-t1-www-rg/providers/Microsoft.Authorization/policyAssignments/require-tag-env",
            "identity": [],
            "location": "",
            "metadata": "{\"createdBy\":\"492131b6-671b-43f1-ac1e-db6a26222569\",\"createdOn\":\"2025-12-02T01:34:00.7496749Z\",\"updatedBy\":null,\"updatedOn\":null}",
            "name": "require-tag-env",
            "non_compliance_message": [],
            "not_scopes": [],
            "overrides": [],
            "parameters": "{\"tagName\":{\"value\":\"Environment\"}}",
            "policy_definition_id": "/providers/Microsoft.Authorization/policyDefinitions/96670d01-0a4d-4649-9c89-2d3abc0a5025",
            "resource_group_id": "/subscriptions/99b79efe-ebd6-468c-b39f-5669acb259e1/resourceGroups/04-t1-www-rg",
            "resource_selectors": [],
            "timeouts": null
          },
          "sensitive_attributes": [],
          "identity_schema_version": 0,
          "private": "eyJlMmJmYjczMC1lY2FhLTExZTYtOGY4OC0zNDM2M2JjN2M0YzAiOnsiY3JlYXRlIjoxODAwMDAwMDAwMDAwLCJkZWxldGUiOjE4MDAwMDAwMDAwMDAsInJlYWQiOjMwMDAwMDAwMDAwMCwidXBkYXRlIjoxODAwMDAwMDAwMDAwfX0=",
          "dependencies": [
            "azurerm_resource_group.rg"
          ]
        }
      ]
    },
    {
      "mode": "managed",
      "type": "azurerm_resource_group_policy_assignment",
      "name": "storage_https_only",
      "provider": "provider[\"registry.terraform.io/hashicorp/azurerm\"]",
      "instances": [
        {
          "schema_version": 0,
          "attributes": {
            "description": "Storage Account는 HTTPS를 통해서만 액세스할 수 있어야 합니다.",
            "display_name": "Storage Accounts - Secure transfer required",
            "enforce": true,
            "id": "/subscriptions/99b79efe-ebd6-468c-b39f-5669acb259e1/resourceGroups/04-t1-www-rg/providers/Microsoft.Authorization/policyAssignments/storage-https-only",
            "identity": [],
            "location": "",
            "metadata": "{\"createdBy\":\"492131b6-671b-43f1-ac1e-db6a26222569\",\"createdOn\":\"2025-12-02T01:34:02.6248859Z\",\"updatedBy\":null,\"updatedOn\":null}",
            "name": "storage-https-only",
            "non_compliance_message": [],
            "not_scopes": [],
            "overrides": [],
            "parameters": "",
            "policy_definition_id": "/providers/Microsoft.Authorization/policyDefinitions/404c3081-a854-4457-ae30-26a93ef643f9",
            "resource_group_id": "/subscriptions/99b79efe-ebd6-468c-b39f-5669acb259e1/resourceGroups/04-t1-www-rg",
            "resource_selectors": [],
            "timeouts": null
          },
          "sensitive_attributes": [],
          "identity_schema_version": 0,
          "private": "eyJlMmJmYjczMC1lY2FhLTExZTYtOGY4OC0zNDM2M2JjN2M0YzAiOnsiY3JlYXRlIjoxODAwMDAwMDAwMDAwLCJkZWxldGUiOjE4MDAwMDAwMDAwMDAsInJlYWQiOjMwMDAwMDAwMDAwMCwidXBkYXRlIjoxODAwMDAwMDAwMDAwfX0=",
          "dependencies": [
            "azurerm_resource_group.rg"
          ]
        }
      ]
    },
    {
      "mode": "managed",
      "type": "azurerm_resource_group_policy_assignment",
      "name": "subnet_nsg_required",
      "provider": "provider[\"registry.terraform.io/hashicorp/azurerm\"]",
      "instances": [
        {
          "schema_version": 0,
          "attributes": {
            "description": "이 정책은 NSG가 없는 서브넷을 감사합니다.",
            "display_name": "Subnets should have a Network Security Group",
            "enforce": true,
            "id": "/subscriptions/99b79efe-ebd6-468c-b39f-5669acb259e1/resourceGroups/04-t1-www-rg/providers/Microsoft.Authorization/policyAssignments/subnet-nsg-required",
            "identity": [],
            "location": "",
            "metadata": "{\"createdBy\":\"492131b6-671b-43f1-ac1e-db6a26222569\",\"createdOn\":\"2025-12-02T01:34:00.7053986Z\",\"updatedBy\":null,\"updatedOn\":null}",
            "name": "subnet-nsg-required",
            "non_compliance_message": [],
            "not_scopes": [],
            "overrides": [],
            "parameters": "",
            "policy_definition_id": "/providers/Microsoft.Authorization/policyDefinitions/e71308d3-144b-4262-b144-efdc3cc90517",
            "resource_group_id": "/subscriptions/99b79efe-ebd6-468c-b39f-5669acb259e1/resourceGroups/04-t1-www-rg",
            "resource_selectors": [],
            "timeouts": null
          },
          "sensitive_attributes": [],
          "identity_schema_version": 0,
          "private": "eyJlMmJmYjczMC1lY2FhLTExZTYtOGY4OC0zNDM2M2JjN2M0YzAiOnsiY3JlYXRlIjoxODAwMDAwMDAwMDAwLCJkZWxldGUiOjE4MDAwMDAwMDAwMDAsInJlYWQiOjMwMDAwMDAwMDAwMCwidXBkYXRlIjoxODAwMDAwMDAwMDAwfX0=",
          "dependencies": [
            "azurerm_resource_group.rg"
          ]
        }
      ]
    },
    {
      "mode": "managed",
      "type": "azurerm_resource_group_policy_assignment",
      "name": "vm_managed_disk",
      "provider": "provider[\"registry.terraform.io/hashicorp/azurerm\"]",
      "instances": [
        {
          "schema_version": 0,
          "attributes": {
            "description": "이 정책은 관리 디스크를 사용하지 않는 VM을 감사합니다.",
            "display_name": "Audit VMs that do not use managed disks",
            "enforce": true,
            "id": "/subscriptions/99b79efe-ebd6-468c-b39f-5669acb259e1/resourceGroups/04-t1-www-rg/providers/Microsoft.Authorization/policyAssignments/vm-managed-disk",
            "identity": [],
            "location": "",
            "metadata": "{\"createdBy\":\"492131b6-671b-43f1-ac1e-db6a26222569\",\"createdOn\":\"2025-12-02T01:34:00.5715189Z\",\"updatedBy\":null,\"updatedOn\":null}",
            "name": "vm-managed-disk",
            "non_compliance_message": [],
            "not_scopes": [],
            "overrides": [],
            "parameters": "",
            "policy_definition_id": "/providers/Microsoft.Authorization/policyDefinitions/06a78e20-9358-41c9-923c-fb736d382a4d",
            "resource_group_id": "/subscriptions/99b79efe-ebd6-468c-b39f-5669acb259e1/resourceGroups/04-t1-www-rg",
            "resource_selectors": [],
            "timeouts": null
          },
          "sensitive_attributes": [],
          "identity_schema_version": 0,
          "private": "eyJlMmJmYjczMC1lY2FhLTExZTYtOGY4OC0zNDM2M2JjN2M0YzAiOnsiY3JlYXRlIjoxODAwMDAwMDAwMDAwLCJkZWxldGUiOjE4MDAwMDAwMDAwMDAsInJlYWQiOjMwMDAwMDAwMDAwMCwidXBkYXRlIjoxODAwMDAwMDAwMDAwfX0=",
          "dependencies": [
            "azurerm_resource_group.rg"
          ]
        }
      ]
    },
    {
      "mode": "managed",
      "type": "azurerm_role_assignment",
      "name": "compute_role",
      "provider": "provider[\"registry.terraform.io/hashicorp/azurerm\"]",
      "instances": [
        {
          "schema_version": 0,
          "attributes": {
            "condition": "",
            "condition_version": "",
            "delegated_managed_identity_resource_id": "",
            "description": "",
            "id": "/subscriptions/99b79efe-ebd6-468c-b39f-5669acb259e1/resourceGroups/04-t1-www-rg/providers/Microsoft.Authorization/roleAssignments/7e3eaaca-6209-7edb-2a8b-2428da15e6c1",
            "name": "7e3eaaca-6209-7edb-2a8b-2428da15e6c1",
            "principal_id": "5a54cace-68ce-40f1-b485-b32a226e50e5",
            "principal_type": "User",
            "role_definition_id": "/subscriptions/99b79efe-ebd6-468c-b39f-5669acb259e1/providers/Microsoft.Authorization/roleDefinitions/9980e02c-c2be-4d73-94e8-173b1dc7cf3c",
            "role_definition_name": "Virtual Machine Contributor",
            "scope": "/subscriptions/99b79efe-ebd6-468c-b39f-5669acb259e1/resourceGroups/04-t1-www-rg",
            "skip_service_principal_aad_check": null,
            "timeouts": null
          },
          "sensitive_attributes": [],
          "identity_schema_version": 0,
          "private": "eyJlMmJmYjczMC1lY2FhLTExZTYtOGY4OC0zNDM2M2JjN2M0YzAiOnsiY3JlYXRlIjoxODAwMDAwMDAwMDAwLCJkZWxldGUiOjE4MDAwMDAwMDAwMDAsInJlYWQiOjMwMDAwMDAwMDAwMH19",
          "dependencies": [
            "azurerm_resource_group.rg",
            "data.azuread_user.compute_admin"
          ]
        }
      ]
    },
    {
      "mode": "managed",
      "type": "azurerm_role_assignment",
      "name": "db_role",
      "provider": "provider[\"registry.terraform.io/hashicorp/azurerm\"]",
      "instances": [
        {
          "schema_version": 0,
          "attributes": {
            "condition": "",
            "condition_version": "",
            "delegated_managed_identity_resource_id": "",
            "description": "",
            "id": "/subscriptions/99b79efe-ebd6-468c-b39f-5669acb259e1/resourceGroups/04-t1-www-rg/providers/Microsoft.Authorization/roleAssignments/bf9b4f0b-3319-7f63-81a7-98af7f100b5e",
            "name": "bf9b4f0b-3319-7f63-81a7-98af7f100b5e",
            "principal_id": "492131b6-671b-43f1-ac1e-db6a26222569",
            "principal_type": "User",
            "role_definition_id": "/subscriptions/99b79efe-ebd6-468c-b39f-5669acb259e1/providers/Microsoft.Authorization/roleDefinitions/b24988ac-6180-42a0-ab88-20f7382dd24c",
            "role_definition_name": "Contributor",
            "scope": "/subscriptions/99b79efe-ebd6-468c-b39f-5669acb259e1/resourceGroups/04-t1-www-rg",
            "skip_service_principal_aad_check": null,
            "timeouts": null
          },
          "sensitive_attributes": [],
          "identity_schema_version": 0,
          "private": "eyJlMmJmYjczMC1lY2FhLTExZTYtOGY4OC0zNDM2M2JjN2M0YzAiOnsiY3JlYXRlIjoxODAwMDAwMDAwMDAwLCJkZWxldGUiOjE4MDAwMDAwMDAwMDAsInJlYWQiOjMwMDAwMDAwMDAwMH19",
          "dependencies": [
            "azurerm_resource_group.rg",
            "data.azuread_user.db_admin"
          ]
        }
      ]
    },
    {
      "mode": "managed",
      "type": "azurerm_role_assignment",
      "name": "network_role",
      "provider": "provider[\"registry.terraform.io/hashicorp/azurerm\"]",
      "instances": [
        {
          "schema_version": 0,
          "attributes": {
            "condition": "",
            "condition_version": "",
            "delegated_managed_identity_resource_id": "",
            "description": "",
            "id": "/subscriptions/99b79efe-ebd6-468c-b39f-5669acb259e1/resourceGroups/04-t1-www-rg/providers/Microsoft.Authorization/roleAssignments/bd070de2-0dd2-85aa-174d-cbfcd8720a8b",
            "name": "bd070de2-0dd2-85aa-174d-cbfcd8720a8b",
            "principal_id": "459480bc-f44e-4582-8c98-71fa3d881811",
            "principal_type": "User",
            "role_definition_id": "/subscriptions/99b79efe-ebd6-468c-b39f-5669acb259e1/providers/Microsoft.Authorization/roleDefinitions/4d97b98b-1d4f-4787-a291-c67834d212e7",
            "role_definition_name": "Network Contributor",
            "scope": "/subscriptions/99b79efe-ebd6-468c-b39f-5669acb259e1/resourceGroups/04-t1-www-rg",
            "skip_service_principal_aad_check": null,
            "timeouts": null
          },
          "sensitive_attributes": [],
          "identity_schema_version": 0,
          "private": "eyJlMmJmYjczMC1lY2FhLTExZTYtOGY4OC0zNDM2M2JjN2M0YzAiOnsiY3JlYXRlIjoxODAwMDAwMDAwMDAwLCJkZWxldGUiOjE4MDAwMDAwMDAwMDAsInJlYWQiOjMwMDAwMDAwMDAwMH19",
          "dependencies": [
            "azurerm_resource_group.rg",
            "data.azuread_user.network_admin"
          ]
        }
      ]
    },
    {
      "mode": "managed",
      "type": "azurerm_role_assignment",
      "name": "pm_role",
      "provider": "provider[\"registry.terraform.io/hashicorp/azurerm\"]",
      "instances": [
        {
          "schema_version": 0,
          "attributes": {
            "condition": "",
            "condition_version": "",
            "delegated_managed_identity_resource_id": "",
            "description": "",
            "id": "/subscriptions/99b79efe-ebd6-468c-b39f-5669acb259e1/resourceGroups/04-t1-www-rg/providers/Microsoft.Authorization/roleAssignments/afbb4a14-aa09-2245-48bf-24768aa02b70",
            "name": "afbb4a14-aa09-2245-48bf-24768aa02b70",
            "principal_id": "cbca0876-4730-495c-8c47-18b9c9af868a",
            "principal_type": "User",
            "role_definition_id": "/subscriptions/99b79efe-ebd6-468c-b39f-5669acb259e1/providers/Microsoft.Authorization/roleDefinitions/8e3af657-a8ff-443c-a75c-2fe8c4bcb635",
            "role_definition_name": "Owner",
            "scope": "/subscriptions/99b79efe-ebd6-468c-b39f-5669acb259e1/resourceGroups/04-t1-www-rg",
            "skip_service_principal_aad_check": null,
            "timeouts": null
          },
          "sensitive_attributes": [],
          "identity_schema_version": 0,
          "private": "eyJlMmJmYjczMC1lY2FhLTExZTYtOGY4OC0zNDM2M2JjN2M0YzAiOnsiY3JlYXRlIjoxODAwMDAwMDAwMDAwLCJkZWxldGUiOjE4MDAwMDAwMDAwMDAsInJlYWQiOjMwMDAwMDAwMDAwMH19",
          "dependencies": [
            "azurerm_resource_group.rg",
            "data.azuread_user.pm_user"
          ]
        }
      ]
    },
    {
      "mode": "managed",
      "type": "azurerm_role_assignment",
      "name": "security_role",
      "provider": "provider[\"registry.terraform.io/hashicorp/azurerm\"]",
      "instances": [
        {
          "schema_version": 0,
          "attributes": {
            "condition": "",
            "condition_version": "",
            "delegated_managed_identity_resource_id": "",
            "description": "",
            "id": "/subscriptions/99b79efe-ebd6-468c-b39f-5669acb259e1/resourceGroups/04-t1-www-rg/providers/Microsoft.Authorization/roleAssignments/cebc41eb-d5e8-7348-5c87-78c99431c6f9",
            "name": "cebc41eb-d5e8-7348-5c87-78c99431c6f9",
            "principal_id": "b9d57093-411e-4141-b5a5-faf01b0edd17",
            "principal_type": "User",
            "role_definition_id": "/subscriptions/99b79efe-ebd6-468c-b39f-5669acb259e1/providers/Microsoft.Authorization/roleDefinitions/fb1c8493-542b-48eb-b624-b4c8fea62acd",
            "role_definition_name": "Security Admin",
            "scope": "/subscriptions/99b79efe-ebd6-468c-b39f-5669acb259e1/resourceGroups/04-t1-www-rg",
            "skip_service_principal_aad_check": null,
            "timeouts": null
          },
          "sensitive_attributes": [],
          "identity_schema_version": 0,
          "private": "eyJlMmJmYjczMC1lY2FhLTExZTYtOGY4OC0zNDM2M2JjN2M0YzAiOnsiY3JlYXRlIjoxODAwMDAwMDAwMDAwLCJkZWxldGUiOjE4MDAwMDAwMDAwMDAsInJlYWQiOjMwMDAwMDAwMDAwMH19",
          "dependencies": [
            "azurerm_resource_group.rg",
            "data.azuread_user.security_admin"
          ]
        }
      ]
    },
    {
      "mode": "managed",
      "type": "azurerm_subnet_network_security_group_association",
      "name": "db_nsg_assoc",
      "provider": "provider[\"registry.terraform.io/hashicorp/azurerm\"]",
      "instances": [
        {
          "schema_version": 0,
          "attributes": {
            "id": "/subscriptions/99b79efe-ebd6-468c-b39f-5669acb259e1/resourceGroups/04-t1-www-rg/providers/Microsoft.Network/virtualNetworks/vnet0/subnets/www-db",
            "network_security_group_id": "/subscriptions/99b79efe-ebd6-468c-b39f-5669acb259e1/resourceGroups/04-t1-www-rg/providers/Microsoft.Network/networkSecurityGroups/www-nsg-db",
            "subnet_id": "/subscriptions/99b79efe-ebd6-468c-b39f-5669acb259e1/resourceGroups/04-t1-www-rg/providers/Microsoft.Network/virtualNetworks/vnet0/subnets/www-db",
            "timeouts": null
          },
          "sensitive_attributes": [],
          "identity_schema_version": 0,
          "private": "eyJlMmJmYjczMC1lY2FhLTExZTYtOGY4OC0zNDM2M2JjN2M0YzAiOnsiY3JlYXRlIjoxODAwMDAwMDAwMDAwLCJkZWxldGUiOjE4MDAwMDAwMDAwMDAsInJlYWQiOjMwMDAwMDAwMDAwMH19",
          "dependencies": [
            "azurerm_resource_group.rg",
            "module.network_central.azurerm_subnet.subnets",
            "module.network_central.azurerm_virtual_network.vnet",
            "module.security.azurerm_network_security_group.nsg_db"
          ]
        }
      ]
    },
    {
      "mode": "managed",
      "type": "azurerm_subnet_network_security_group_association",
      "name": "hub_bastion_nsg_assoc",
      "provider": "provider[\"registry.terraform.io/hashicorp/azurerm\"]",
      "instances": [
        {
          "schema_version": 0,
          "attributes": {
            "id": "/subscriptions/99b79efe-ebd6-468c-b39f-5669acb259e1/resourceGroups/04-t1-www-rg/providers/Microsoft.Network/virtualNetworks/hub-vnet/subnets/AzureBastionSubnet",
            "network_security_group_id": "/subscriptions/99b79efe-ebd6-468c-b39f-5669acb259e1/resourceGroups/04-t1-www-rg/providers/Microsoft.Network/networkSecurityGroups/hub-nsg-bastion",
            "subnet_id": "/subscriptions/99b79efe-ebd6-468c-b39f-5669acb259e1/resourceGroups/04-t1-www-rg/providers/Microsoft.Network/virtualNetworks/hub-vnet/subnets/AzureBastionSubnet",
            "timeouts": null
          },
          "sensitive_attributes": [],
          "identity_schema_version": 0,
          "private": "eyJlMmJmYjczMC1lY2FhLTExZTYtOGY4OC0zNDM2M2JjN2M0YzAiOnsiY3JlYXRlIjoxODAwMDAwMDAwMDAwLCJkZWxldGUiOjE4MDAwMDAwMDAwMDAsInJlYWQiOjMwMDAwMDAwMDAwMH19",
          "dependencies": [
            "azurerm_resource_group.rg",
            "module.hub.azurerm_subnet.bastion_subnet",
            "module.hub.azurerm_virtual_network.hub_vnet",
            "module.security.azurerm_network_security_group.nsg_hub_bastion"
          ]
        }
      ]
    },
    {
      "mode": "managed",
      "type": "azurerm_subnet_network_security_group_association",
      "name": "storage_nsg_assoc",
      "provider": "provider[\"registry.terraform.io/hashicorp/azurerm\"]",
      "instances": [
        {
          "schema_version": 0,
          "attributes": {
            "id": "/subscriptions/99b79efe-ebd6-468c-b39f-5669acb259e1/resourceGroups/04-t1-www-rg/providers/Microsoft.Network/virtualNetworks/vnet0/subnets/www-stor",
            "network_security_group_id": "/subscriptions/99b79efe-ebd6-468c-b39f-5669acb259e1/resourceGroups/04-t1-www-rg/providers/Microsoft.Network/networkSecurityGroups/www-nsg-db",
            "subnet_id": "/subscriptions/99b79efe-ebd6-468c-b39f-5669acb259e1/resourceGroups/04-t1-www-rg/providers/Microsoft.Network/virtualNetworks/vnet0/subnets/www-stor",
            "timeouts": null
          },
          "sensitive_attributes": [],
          "identity_schema_version": 0,
          "private": "eyJlMmJmYjczMC1lY2FhLTExZTYtOGY4OC0zNDM2M2JjN2M0YzAiOnsiY3JlYXRlIjoxODAwMDAwMDAwMDAwLCJkZWxldGUiOjE4MDAwMDAwMDAwMDAsInJlYWQiOjMwMDAwMDAwMDAwMH19",
          "dependencies": [
            "azurerm_resource_group.rg",
            "module.network_central.azurerm_subnet.subnets",
            "module.network_central.azurerm_virtual_network.vnet",
            "module.security.azurerm_network_security_group.nsg_db"
          ]
        }
      ]
    },
    {
      "mode": "managed",
      "type": "azurerm_subnet_network_security_group_association",
      "name": "vmss_nsg_assoc",
      "provider": "provider[\"registry.terraform.io/hashicorp/azurerm\"]",
      "instances": [
        {
          "schema_version": 0,
          "attributes": {
            "id": "/subscriptions/99b79efe-ebd6-468c-b39f-5669acb259e1/resourceGroups/04-t1-www-rg/providers/Microsoft.Network/virtualNetworks/vnet0/subnets/www-vmss",
            "network_security_group_id": "/subscriptions/99b79efe-ebd6-468c-b39f-5669acb259e1/resourceGroups/04-t1-www-rg/providers/Microsoft.Network/networkSecurityGroups/www-nsg-http",
            "subnet_id": "/subscriptions/99b79efe-ebd6-468c-b39f-5669acb259e1/resourceGroups/04-t1-www-rg/providers/Microsoft.Network/virtualNetworks/vnet0/subnets/www-vmss",
            "timeouts": null
          },
          "sensitive_attributes": [],
          "identity_schema_version": 0,
          "private": "eyJlMmJmYjczMC1lY2FhLTExZTYtOGY4OC0zNDM2M2JjN2M0YzAiOnsiY3JlYXRlIjoxODAwMDAwMDAwMDAwLCJkZWxldGUiOjE4MDAwMDAwMDAwMDAsInJlYWQiOjMwMDAwMDAwMDAwMH19",
          "dependencies": [
            "azurerm_resource_group.rg",
            "module.network_central.azurerm_subnet.subnets",
            "module.network_central.azurerm_virtual_network.vnet",
            "module.security.azurerm_network_security_group.nsg_http"
          ]
        }
      ]
    },
    {
      "mode": "managed",
      "type": "azurerm_subnet_network_security_group_association",
      "name": "was_nsg_assoc",
      "provider": "provider[\"registry.terraform.io/hashicorp/azurerm\"]",
      "instances": [
        {
          "schema_version": 0,
          "attributes": {
            "id": "/subscriptions/99b79efe-ebd6-468c-b39f-5669acb259e1/resourceGroups/04-t1-www-rg/providers/Microsoft.Network/virtualNetworks/vnet0/subnets/www-was",
            "network_security_group_id": "/subscriptions/99b79efe-ebd6-468c-b39f-5669acb259e1/resourceGroups/04-t1-www-rg/providers/Microsoft.Network/networkSecurityGroups/www-nsg-http",
            "subnet_id": "/subscriptions/99b79efe-ebd6-468c-b39f-5669acb259e1/resourceGroups/04-t1-www-rg/providers/Microsoft.Network/virtualNetworks/vnet0/subnets/www-was",
            "timeouts": null
          },
          "sensitive_attributes": [],
          "identity_schema_version": 0,
          "private": "eyJlMmJmYjczMC1lY2FhLTExZTYtOGY4OC0zNDM2M2JjN2M0YzAiOnsiY3JlYXRlIjoxODAwMDAwMDAwMDAwLCJkZWxldGUiOjE4MDAwMDAwMDAwMDAsInJlYWQiOjMwMDAwMDAwMDAwMH19",
          "dependencies": [
            "azurerm_resource_group.rg",
            "module.network_central.azurerm_subnet.subnets",
            "module.network_central.azurerm_virtual_network.vnet",
            "module.security.azurerm_network_security_group.nsg_http"
          ]
        }
      ]
    },
    {
      "mode": "managed",
      "type": "azurerm_subnet_network_security_group_association",
      "name": "web_nsg_assoc",
      "provider": "provider[\"registry.terraform.io/hashicorp/azurerm\"]",
      "instances": [
        {
          "schema_version": 0,
          "attributes": {
            "id": "/subscriptions/99b79efe-ebd6-468c-b39f-5669acb259e1/resourceGroups/04-t1-www-rg/providers/Microsoft.Network/virtualNetworks/vnet0/subnets/www-web",
            "network_security_group_id": "/subscriptions/99b79efe-ebd6-468c-b39f-5669acb259e1/resourceGroups/04-t1-www-rg/providers/Microsoft.Network/networkSecurityGroups/www-nsg-http",
            "subnet_id": "/subscriptions/99b79efe-ebd6-468c-b39f-5669acb259e1/resourceGroups/04-t1-www-rg/providers/Microsoft.Network/virtualNetworks/vnet0/subnets/www-web",
            "timeouts": null
          },
          "sensitive_attributes": [],
          "identity_schema_version": 0,
          "private": "eyJlMmJmYjczMC1lY2FhLTExZTYtOGY4OC0zNDM2M2JjN2M0YzAiOnsiY3JlYXRlIjoxODAwMDAwMDAwMDAwLCJkZWxldGUiOjE4MDAwMDAwMDAwMDAsInJlYWQiOjMwMDAwMDAwMDAwMH19",
          "dependencies": [
            "azurerm_resource_group.rg",
            "module.network_central.azurerm_subnet.subnets",
            "module.network_central.azurerm_virtual_network.vnet",
            "module.security.azurerm_network_security_group.nsg_http"
          ]
        }
      ]
    },
    {
      "mode": "managed",
      "type": "azurerm_traffic_manager_azure_endpoint",
      "name": "korea_central",
      "provider": "provider[\"registry.terraform.io/hashicorp/azurerm\"]",
      "instances": [
        {
          "schema_version": 0,
          "attributes": {
            "always_serve_enabled": false,
            "custom_header": [],
            "enabled": true,
            "geo_mappings": [],
            "id": "/subscriptions/99b79efe-ebd6-468c-b39f-5669acb259e1/resourceGroups/04-t1-www-rg/providers/Microsoft.Network/trafficManagerProfiles/www-traffic-manager/AzureEndpoints/korea-central-endpoint",
            "name": "korea-central-endpoint",
            "priority": 1,
            "profile_id": "/subscriptions/99b79efe-ebd6-468c-b39f-5669acb259e1/resourceGroups/04-t1-www-rg/providers/Microsoft.Network/trafficManagerProfiles/www-traffic-manager",
            "subnet": [],
            "target_resource_id": "/subscriptions/99b79efe-ebd6-468c-b39f-5669acb259e1/resourceGroups/04-t1-www-rg/providers/Microsoft.Network/publicIPAddresses/www-lb-pip",
            "timeouts": null,
            "weight": 100
          },
          "sensitive_attributes": [],
          "identity_schema_version": 0,
          "private": "eyJlMmJmYjczMC1lY2FhLTExZTYtOGY4OC0zNDM2M2JjN2M0YzAiOnsiY3JlYXRlIjoxODAwMDAwMDAwMDAwLCJkZWxldGUiOjE4MDAwMDAwMDAwMDAsInJlYWQiOjMwMDAwMDAwMDAwMCwidXBkYXRlIjoxODAwMDAwMDAwMDAwfX0=",
          "dependencies": [
            "azurerm_resource_group.rg",
            "azurerm_traffic_manager_profile.main",
            "module.network_central.azurerm_public_ip.lb_pip"
          ]
        }
      ]
    },
    {
      "mode": "managed",
      "type": "azurerm_traffic_manager_profile",
      "name": "main",
      "provider": "provider[\"registry.terraform.io/hashicorp/azurerm\"]",
      "instances": [
        {
          "schema_version": 0,
          "attributes": {
            "dns_config": [
              {
                "relative_name": "www-tm",
                "ttl": 60
              }
            ],
            "fqdn": "www-tm.trafficmanager.net",
            "id": "/subscriptions/99b79efe-ebd6-468c-b39f-5669acb259e1/resourceGroups/04-t1-www-rg/providers/Microsoft.Network/trafficManagerProfiles/www-traffic-manager",
            "max_return": 0,
            "monitor_config": [
              {
                "custom_header": [],
                "expected_status_code_ranges": [],
                "interval_in_seconds": 30,
                "path": "/",
                "port": 80,
                "protocol": "HTTP",
                "timeout_in_seconds": 10,
                "tolerated_number_of_failures": 3
              }
            ],
            "name": "www-traffic-manager",
            "profile_status": "Enabled",
            "resource_group_name": "04-t1-www-rg",
            "tags": {
              "Environment": "Production",
              "ManagedBy": "Terraform",
              "Purpose": "Traffic-Manager"
            },
            "timeouts": null,
            "traffic_routing_method": "Performance",
            "traffic_view_enabled": false
          },
          "sensitive_attributes": [],
          "identity_schema_version": 0,
          "private": "eyJlMmJmYjczMC1lY2FhLTExZTYtOGY4OC0zNDM2M2JjN2M0YzAiOnsiY3JlYXRlIjoxODAwMDAwMDAwMDAwLCJkZWxldGUiOjE4MDAwMDAwMDAwMDAsInJlYWQiOjMwMDAwMDAwMDAwMCwidXBkYXRlIjoxODAwMDAwMDAwMDAwfX0=",
          "dependencies": [
            "azurerm_resource_group.rg"
          ]
        }
      ]
    },
    {
      "mode": "managed",
      "type": "azurerm_virtual_network_peering",
      "name": "hub_to_spoke",
      "provider": "provider[\"registry.terraform.io/hashicorp/azurerm\"]",
      "instances": [
        {
          "schema_version": 0,
          "attributes": {
            "allow_forwarded_traffic": true,
            "allow_gateway_transit": true,
            "allow_virtual_network_access": true,
            "id": "/subscriptions/99b79efe-ebd6-468c-b39f-5669acb259e1/resourceGroups/04-t1-www-rg/providers/Microsoft.Network/virtualNetworks/hub-vnet/virtualNetworkPeerings/hub-to-spoke",
            "local_subnet_names": [],
            "name": "hub-to-spoke",
            "only_ipv6_peering_enabled": false,
            "peer_complete_virtual_networks_enabled": true,
            "remote_subnet_names": [],
            "remote_virtual_network_id": "/subscriptions/99b79efe-ebd6-468c-b39f-5669acb259e1/resourceGroups/04-t1-www-rg/providers/Microsoft.Network/virtualNetworks/vnet0",
            "resource_group_name": "04-t1-www-rg",
            "timeouts": null,
            "triggers": null,
            "use_remote_gateways": false,
            "virtual_network_name": "hub-vnet"
          },
          "sensitive_attributes": [],
          "identity_schema_version": 0,
          "private": "eyJlMmJmYjczMC1lY2FhLTExZTYtOGY4OC0zNDM2M2JjN2M0YzAiOnsiY3JlYXRlIjoxODAwMDAwMDAwMDAwLCJkZWxldGUiOjE4MDAwMDAwMDAwMDAsInJlYWQiOjMwMDAwMDAwMDAwMCwidXBkYXRlIjoxODAwMDAwMDAwMDAwfX0=",
          "dependencies": [
            "azurerm_resource_group.rg",
            "module.hub.azurerm_virtual_network.hub_vnet",
            "module.network_central.azurerm_application_gateway.appgw",
            "module.network_central.azurerm_lb.cross_region_lb",
            "module.network_central.azurerm_lb.vmss_lb",
            "module.network_central.azurerm_lb.was_lb",
            "module.network_central.azurerm_lb_backend_address_pool.bpepool",
            "module.network_central.azurerm_lb_backend_address_pool.global_backend",
            "module.network_central.azurerm_lb_backend_address_pool.was_backend_pool",
            "module.network_central.azurerm_lb_nat_pool.ssh_nat_pool",
            "module.network_central.azurerm_lb_probe.vmss_probe",
            "module.network_central.azurerm_lb_probe.was_probe",
            "module.network_central.azurerm_lb_rule.vmss_lb_rule",
            "module.network_central.azurerm_lb_rule.was_lb_rule",
            "module.network_central.azurerm_nat_gateway.nat_gw",
            "module.network_central.azurerm_nat_gateway_public_ip_association.nat_pip_assoc",
            "module.network_central.azurerm_network_ddos_protection_plan.main",
            "module.network_central.azurerm_public_ip.appgw_pip",
            "module.network_central.azurerm_public_ip.cross_region_lb_pip",
            "module.network_central.azurerm_public_ip.lb_pip",
            "module.network_central.azurerm_public_ip.nat_pip",
            "module.network_central.azurerm_subnet.subnets",
            "module.network_central.azurerm_subnet_nat_gateway_association.nat_subnet_assoc",
            "module.network_central.azurerm_subnet_nat_gateway_association.nat_vmss_assoc",
            "module.network_central.azurerm_subnet_nat_gateway_association.nat_was_assoc",
            "module.network_central.azurerm_subnet_nat_gateway_association.nat_web_assoc",
            "module.network_central.azurerm_traffic_manager_azure_endpoint.www_tm_endpoint_primary",
            "module.network_central.azurerm_traffic_manager_profile.www_tm",
            "module.network_central.azurerm_virtual_network.vnet",
            "module.network_central.azurerm_virtual_network_peering.spoke_to_hub",
            "module.network_central.data.azurerm_key_vault_certificate.ssl",
            "module.network_central.random_string.tm_suffix"
          ]
        }
      ]
    },
    {
      "module": "module.compute",
      "mode": "managed",
      "type": "azurerm_backup_policy_vm",
      "name": "daily",
      "provider": "provider[\"registry.terraform.io/hashicorp/azurerm\"]",
      "instances": [
        {
          "schema_version": 0,
          "attributes": {
            "backup": [
              {
                "frequency": "Daily",
                "hour_duration": 0,
                "hour_interval": 0,
                "time": "02:00",
                "weekdays": []
              }
            ],
            "id": "/subscriptions/99b79efe-ebd6-468c-b39f-5669acb259e1/resourceGroups/04-t1-www-rg/providers/Microsoft.RecoveryServices/vaults/www-recovery-vault/backupPolicies/daily-backup-policy",
            "instant_restore_resource_group": [],
            "instant_restore_retention_days": 5,
            "name": "daily-backup-policy",
            "policy_type": "V1",
            "recovery_vault_name": "www-recovery-vault",
            "resource_group_name": "04-t1-www-rg",
            "retention_daily": [
              {
                "count": 35
              }
            ],
            "retention_monthly": [
              {
                "count": 12,
                "days": [],
                "include_last_days": false,
                "weekdays": [
                  "Sunday"
                ],
                "weeks": [
                  "First"
                ]
              }
            ],
            "retention_weekly": [
              {
                "count": 12,
                "weekdays": [
                  "Sunday"
                ]
              }
            ],
            "retention_yearly": [
              {
                "count": 7,
                "days": [],
                "include_last_days": false,
                "months": [
                  "January"
                ],
                "weekdays": [
                  "Sunday"
                ],
                "weeks": [
                  "First"
                ]
              }
            ],
            "tiering_policy": [],
            "timeouts": null,
            "timezone": "Korea Standard Time"
          },
          "sensitive_attributes": [],
          "identity_schema_version": 0,
          "private": "eyJlMmJmYjczMC1lY2FhLTExZTYtOGY4OC0zNDM2M2JjN2M0YzAiOnsiY3JlYXRlIjoxODAwMDAwMDAwMDAwLCJkZWxldGUiOjE4MDAwMDAwMDAwMDAsInJlYWQiOjMwMDAwMDAwMDAwMCwidXBkYXRlIjoxODAwMDAwMDAwMDAwfX0=",
          "dependencies": [
            "azurerm_resource_group.rg",
            "module.compute.azurerm_recovery_services_vault.vault"
          ]
        }
      ]
    },
    {
      "module": "module.compute",
      "mode": "managed",
      "type": "azurerm_backup_protected_vm",
      "name": "webvm",
      "provider": "provider[\"registry.terraform.io/hashicorp/azurerm\"]",
      "instances": [
        {
          "schema_version": 0,
          "attributes": {
            "backup_policy_id": "/subscriptions/99b79efe-ebd6-468c-b39f-5669acb259e1/resourceGroups/04-t1-www-rg/providers/Microsoft.RecoveryServices/vaults/www-recovery-vault/backupPolicies/daily-backup-policy",
            "exclude_disk_luns": null,
            "id": "/subscriptions/99b79efe-ebd6-468c-b39f-5669acb259e1/resourceGroups/04-t1-www-rg/providers/Microsoft.RecoveryServices/vaults/www-recovery-vault/backupFabrics/Azure/protectionContainers/iaasvmcontainer;iaasvmcontainerv2;04-t1-www-rg;webvm/protectedItems/VM;iaasvmcontainerv2;04-t1-www-rg;webvm",
            "include_disk_luns": null,
            "protection_state": "IRPending",
            "recovery_vault_name": "www-recovery-vault",
            "resource_group_name": "04-t1-www-rg",
            "source_vm_id": "/subscriptions/99b79efe-ebd6-468c-b39f-5669acb259e1/resourceGroups/04-t1-www-rg/providers/Microsoft.Compute/virtualMachines/webvm",
            "timeouts": null
          },
          "sensitive_attributes": [],
          "identity_schema_version": 0,
          "private": "eyJlMmJmYjczMC1lY2FhLTExZTYtOGY4OC0zNDM2M2JjN2M0YzAiOnsiY3JlYXRlIjo3MjAwMDAwMDAwMDAwLCJkZWxldGUiOjQ4MDAwMDAwMDAwMDAsInJlYWQiOjMwMDAwMDAwMDAwMCwidXBkYXRlIjo3MjAwMDAwMDAwMDAwfX0=",
          "dependencies": [
            "azurerm_resource_group.rg",
            "module.compute.azurerm_backup_policy_vm.daily",
            "module.compute.azurerm_linux_virtual_machine.webvm",
            "module.compute.azurerm_network_interface.webvm_nic",
            "module.compute.azurerm_recovery_services_vault.vault",
            "module.database.azurerm_mysql_flexible_server.www_mysql",
            "module.database.azurerm_redis_cache.www_redis",
            "module.database.random_string.mysql_suffix",
            "module.database.random_string.redis_suffix",
            "module.network_central.azurerm_subnet.subnets",
            "module.network_central.azurerm_virtual_network.vnet",
            "module.storage.azurerm_storage_account.www_sa",
            "module.storage.random_string.sa_suffix"
          ]
        }
      ]
    },
    {
      "module": "module.compute",
      "mode": "managed",
      "type": "azurerm_container_group",
      "name": "aci",
      "provider": "provider[\"registry.terraform.io/hashicorp/azurerm\"]",
      "instances": [
        {
          "schema_version": 0,
          "attributes": {
            "container": [
              {
                "commands": [],
                "cpu": 0.5,
                "cpu_limit": 0,
                "environment_variables": {},
                "image": "mcr.microsoft.com/azuredocs/aci-helloworld",
                "liveness_probe": [],
                "memory": 1.5,
                "memory_limit": 0,
                "name": "www-container",
                "ports": [
                  {
                    "port": 80,
                    "protocol": "TCP"
                  }
                ],
                "readiness_probe": [],
                "secure_environment_variables": {},
                "security": [],
                "volume": []
              }
            ],
            "diagnostics": [],
            "dns_config": [],
            "dns_name_label": "www-aci-03d3qq",
            "dns_name_label_reuse_policy": "Unsecure",
            "exposed_port": [
              {
                "port": 80,
                "protocol": "TCP"
              }
            ],
            "fqdn": "www-aci-03d3qq.koreacentral.azurecontainer.io",
            "id": "/subscriptions/99b79efe-ebd6-468c-b39f-5669acb259e1/resourceGroups/04-t1-www-rg/providers/Microsoft.ContainerInstance/containerGroups/www-aci",
            "identity": [],
            "image_registry_credential": [],
            "init_container": [],
            "ip_address": "4.230.106.248",
            "ip_address_type": "Public",
            "key_vault_key_id": null,
            "key_vault_user_assigned_identity_id": null,
            "location": "koreacentral",
            "name": "www-aci",
            "network_profile_id": null,
            "os_type": "Linux",
            "priority": "",
            "resource_group_name": "04-t1-www-rg",
            "restart_policy": "Always",
            "sku": "Standard",
            "subnet_ids": [],
            "tags": {
              "Environment": "Production",
              "ManagedBy": "Terraform",
              "Purpose": "Container-Instance"
            },
            "timeouts": null,
            "zones": []
          },
          "sensitive_attributes": [
            [
              {
                "type": "get_attr",
                "value": "container"
              },
              {
                "type": "index",
                "value": {
                  "value": 0,
                  "type": "number"
                }
              },
              {
                "type": "get_attr",
                "value": "secure_environment_variables"
              }
            ]
          ],
          "identity_schema_version": 0,
          "private": "eyJlMmJmYjczMC1lY2FhLTExZTYtOGY4OC0zNDM2M2JjN2M0YzAiOnsiY3JlYXRlIjozNjAwMDAwMDAwMDAwLCJkZWxldGUiOjE4MDAwMDAwMDAwMDAsInJlYWQiOjMwMDAwMDAwMDAwMCwidXBkYXRlIjoxODAwMDAwMDAwMDAwfX0=",
          "dependencies": [
            "azurerm_resource_group.rg",
            "module.compute.random_string.aci_suffix"
          ]
        }
      ]
    },
    {
      "module": "module.compute",
      "mode": "managed",
      "type": "azurerm_linux_virtual_machine",
      "name": "webvm",
      "provider": "provider[\"registry.terraform.io/hashicorp/azurerm\"]",
      "instances": [
        {
          "schema_version": 0,
          "attributes": {
            "additional_capabilities": [],
            "admin_password": null,
            "admin_ssh_key": [
              {
                "public_key": "ssh-rsa AAAAB3NzaC1yc2EAAAADAQABAAACAQC/TlpVUiv5Z/P3mboBl0O/9rKioqT71tOasgqglsOzUNpH4VFl9OlPIWhk3+pKWvzNU+mMZSdsgRPwM1kGqYl3Nx2fnP5D/a/5sNlHgOZajuKgoxvWUmvU8Qd5MBUt0YHWGQCipsZnOeMjTquv/tA0t3zm6CDoMm/QmnHqEQXFeSExvGQ3RKZ5tz1Yy9FKNaAki+TpVbUWTJA95EDOOiPRLFcyv7A1hRxdtrZ/+EJxGnwx6mmx367Wor3oiYK/J1Ju3zX+8ucstTFua/Ka2CCxCOLHzpkRtF1EOHS+eghVh4aNR9V6RVevzQf44HR8FSD/3JppBmymXpnBC93lpab/UtSzG+pvu0NOI7suGUlMZ/M9eT4RhGvMVWyEMhbeUhiKqZd/LbnQ9RjNsp0f5oPVbzUjg4YSymXOs48uQqYhSnvjb3Y6/8dKze1baTIFl8IDfUmTFaLuXeEzv0XxJTEEsXmB3O17bJXHKYhEfSMYb5BoZBmNt3UVeC1N7qfImnbHBFD2PonhsB21Uwn/s8KYuRNEmirJR031TBevTal2BWJzJmH8dOZZF2x0DPYwhr9YyOwT+YRv9VxR/oGXQcoTq4EkzUx53xJqVT64m5XJ+8cMMzXs4PmN0RyydjDsPuWe1pjZ5eYscc492U2n4yNaiH2vOmNMbn5X9dyc4KHb6Q== school\r\n",
                "username": "www"
              },
              {
                "public_key": "ssh-rsa AAAAB3NzaC1yc2EAAAADAQABAAACAQDEQ9S4RS2JUOKiaCaBw4oPlYbCOscuYsk9Zm0h07tIvqzGFwsQcMCYCGUYMyUoWxZU3V8WoxOruBhdn6RJMj+H7E2OAI3pfCqC1H0VflC00fO8K1dkQIqfbfrUgdwZRZbfXg6a2iuD2TTwUjeXw0lwqqK8QvMplbROGZSLf+erIC2aHN60ekHJLXSP3492Vy6RHj07bJiupG8ylsAvV3nKhkR58zrhOvNiOUSvwtOSyvlrnnpj0Zo31defuY5mVrAMfw90sWzt9h5iItFGbQVTagmd2/derktwToxQY0nZEkPPvX3Km4qq3/OdIWhtR940eaePPHmSdgfQ+tt4vA+uRNaIGbCEwmQsMDa7GzsiHDk5EAtrOm6oqT2y590poIVRlkHB4FiPx4zJS/OnTsW1z3P53Tged7gd21bWkFmAjLzTfLGlMKGeF8rxcWDdOkqC4BViA296kBYJ1QE9vpWOq2taam6usTqiD2asc7Ie7/iR28Vw6cVZ2lxU3dh7zJ6IxPl6l7OxLNwUGWIy6L8cGua2OvFtddJL290DDNAXRCGbkg7XRCBl+QwJfkAOdocNCzFtMekw9nQ384mRFajjaE3kMH4rd7C3ty4cLk/9ZLaA7QhUJ0dpTYFSlpn5/V+82/ROU3GkoRgm8qUeO2/mx5SrLQFdtVMdpfdcLj4zFw== home\r\n",
                "username": "www"
              }
            ],
            "admin_username": "www",
            "allow_extension_operations": true,
            "availability_set_id": "",
            "boot_diagnostics": [
              {
                "storage_account_uri": ""
              }
            ],
            "bypass_platform_safety_checks_on_user_schedule_enabled": false,
            "capacity_reservation_group_id": "",
            "computer_name": "webvm",
            "custom_data": null,
            "dedicated_host_group_id": "",
            "dedicated_host_id": "",
            "disable_password_authentication": true,
            "disk_controller_type": "SCSI",
            "edge_zone": "",
            "encryption_at_host_enabled": false,
            "eviction_policy": "",
            "extensions_time_budget": "PT1H30M",
            "gallery_application": [],
            "id": "/subscriptions/99b79efe-ebd6-468c-b39f-5669acb259e1/resourceGroups/04-t1-www-rg/providers/Microsoft.Compute/virtualMachines/webvm",
            "identity": [
              {
                "identity_ids": [],
                "principal_id": "df77b9f6-6c45-4083-a890-405f0b3fbfb0",
                "tenant_id": "548e9ef4-b1d5-48fa-b220-59f52d6db511",
                "type": "SystemAssigned"
              }
            ],
            "license_type": "",
            "location": "koreacentral",
            "max_bid_price": -1,
            "name": "webvm",
            "network_interface_ids": [
              "/subscriptions/99b79efe-ebd6-468c-b39f-5669acb259e1/resourceGroups/04-t1-www-rg/providers/Microsoft.Network/networkInterfaces/webvm-nic"
            ],
            "os_disk": [
              {
                "caching": "ReadOnly",
                "diff_disk_settings": [],
                "disk_encryption_set_id": "",
                "disk_size_gb": 10,
                "id": "/subscriptions/99b79efe-ebd6-468c-b39f-5669acb259e1/resourceGroups/04-t1-www-rg/providers/Microsoft.Compute/disks/webvm_OsDisk_1_58b41d1d8f6545e8b52341e861b2aebe",
                "name": "webvm_OsDisk_1_58b41d1d8f6545e8b52341e861b2aebe",
                "secure_vm_disk_encryption_set_id": "",
                "security_encryption_type": "",
                "storage_account_type": "Premium_LRS",
                "write_accelerator_enabled": false
              }
            ],
            "os_image_notification": [],
            "os_managed_disk_id": "/subscriptions/99b79efe-ebd6-468c-b39f-5669acb259e1/resourceGroups/04-t1-www-rg/providers/Microsoft.Compute/disks/webvm_OsDisk_1_58b41d1d8f6545e8b52341e861b2aebe",
            "patch_assessment_mode": "ImageDefault",
            "patch_mode": "ImageDefault",
            "plan": [
              {
                "name": "9-lvm",
                "product": "rockylinux-x86_64",
                "publisher": "resf"
              }
            ],
            "platform_fault_domain": -1,
            "priority": "Regular",
            "private_ip_address": "192.168.2.6",
            "private_ip_addresses": [
              "192.168.2.6"
            ],
            "provision_vm_agent": true,
            "proximity_placement_group_id": "",
            "public_ip_address": "",
            "public_ip_addresses": [],
            "reboot_setting": "",
            "resource_group_name": "04-t1-www-rg",
            "secret": [],
            "secure_boot_enabled": false,
            "size": "Standard_D2s_v3",
            "source_image_id": "",
            "source_image_reference": [
              {
                "offer": "rockylinux-x86_64",
                "publisher": "resf",
                "sku": "9-lvm",
                "version": "9.3.20231113"
              }
            ],
            "tags": {
              "Backup": "Enabled",
              "Environment": "Production",
              "ManagedBy": "Terraform",
              "Purpose": "Web-Server"
            },
            "termination_notification": [],
            "timeouts": null,
            "user_data": "IyEvYmluL2Jhc2gKIyBXQVMgVk1TUyDstIjquLDtmZQg7Iqk7YGs66a97Yq4ICjrqbHrk7HshLEg67O07J6lKQojIOyekeyEseydvDogMjAyNS0xMS0zMAojIOuhnOq5hSDshKTsoJUKTE9HX0ZJTEU9Ii92YXIvbG9nL3dhc19pbml0LmxvZyIKZXhlYyA+PiAiJCRMT0dfRklMRSIgMj4mMQoKbG9nKCkgewogICAgZWNobyAiWyQoZGF0ZSAnKyVZLSVtLSVkICVIOiVNOiVTJyldICQkMSIKfQoKbG9nICI9PT09PT09PT09PT09PT09PT09PT09PT09PT09PT09PT09PT09PT09PT0iCmxvZyAiV0FTIFZNU1Mg7LSI6riw7ZmUIOyLnOyekSIKbG9nICI9PT09PT09PT09PT09PT09PT09PT09PT09PT09PT09PT09PT09PT09PT0iCgojIOyZhOujjCDtlIzrnpjqt7gg7YyM7J28IO2ZleyduCAo66mx65Ox7ISxKQpDT01QTEVURV9GTEFHPSIvdG1wL3dhc19pbml0X2NvbXBsZXRlLnR4dCIKaWYgWyAtZiAiJCRDT01QTEVURV9GTEFHIiBdOyB0aGVuCiAgICBpZiBycG0gLXEgaHR0cGQgPi9kZXYvbnVsbCAyPiYxOyB0aGVuCiAgICAgICAgbG9nICLstIjquLDtmZTqsIAg7J2066+4IOyZhOujjOuQmOyXiOycvOupsCBodHRwZOqwgCDshKTsuZjrkJjslrQg7J6I7Iq164uI64ukLiDsiqTtgrXtlanri4jri6QuIgogICAgICAgIGxvZyAi6riw7KG0IOyZhOujjCDsi5zqsIQ6ICQkKGNhdCAkJENPTVBMRVRFX0ZMQUcpIgogICAgICAgIGV4aXQgMAogICAgZWxzZQogICAgICAgIGxvZyAi7JmE66OMIO2UjOuemOq3uOqwgCDsobTsnqztlZjsp4Drp4wgaHR0cGTqsIAg7ISk7LmY65CY7KeAIOyViuyVmOyKteuLiOuLpC4g7J6s7Iuc64+E7ZWp64uI64ukLiIKICAgIGZpCmZpCgojIFNFTGludXgg67mE7Zmc7ISx7ZmUCmxvZyAiU0VMaW51eCDruYTtmZzshLHtmZQiCnNldGVuZm9yY2UgMCAyPi9kZXYvbnVsbCB8fCBsb2cgIlNFTGludXggYWxyZWFkeSBwZXJtaXNzaXZlIgpncnViYnkgLS11cGRhdGUta2VybmVsIEFMTCAtLWFyZ3Mgc2VsaW51eD0wIDI+L2Rldi9udWxsIHx8IGxvZyAiZ3J1YmJ5IOyEpOyglSDsiqTtgrUiCgojIOuwqe2ZlOuyvSDshKTsoJUKbG9nICLrsKntmZTrsr0g7ISk7KCVIC0gSFRUUCg4MCksIEhUVFBTKDQ0MyksIFNTSCgyMikg7Y+s7Yq4IO2XiOyaqSIKc3lzdGVtY3RsIGVuYWJsZSBmaXJld2FsbGQgMj4vZGV2L251bGwKc3lzdGVtY3RsIHN0YXJ0IGZpcmV3YWxsZCAyPi9kZXYvbnVsbApmaXJld2FsbC1jbWQgLS16b25lPXB1YmxpYyAtLWFkZC1zZXJ2aWNlPWh0dHAgLS1wZXJtYW5lbnQgMj4vZGV2L251bGwKZmlyZXdhbGwtY21kIC0tem9uZT1wdWJsaWMgLS1hZGQtc2VydmljZT1odHRwcyAtLXBlcm1hbmVudCAyPi9kZXYvbnVsbApmaXJld2FsbC1jbWQgLS16b25lPXB1YmxpYyAtLWFkZC1wb3J0PTIyL3RjcCAtLXBlcm1hbmVudCAyPi9kZXYvbnVsbApmaXJld2FsbC1jbWQgLS1yZWxvYWQgMj4vZGV2L251bGwKbG9nICLrsKntmZTrsr0g7ISk7KCVIOyZhOujjCIKCiMgRE5GIOy1nOygge2ZlApsb2cgIkRORiDshKTsoJUg7LWc7KCB7ZmUIgpjYXQgPj4gL2V0Yy9kbmYvZG5mLmNvbmYgPDxFT0YKdGltZW91dD0zMApyZXRyaWVzPTUKbWlucmF0ZT0xMDAwCmZhc3Rlc3RtaXJyb3I9VHJ1ZQptYXhfcGFyYWxsZWxfZG93bmxvYWRzPTEwCkVPRgoKIyBETkYg7LqQ7IucIOygleumrApsb2cgIkRORiDsupDsi5wg7KCV66asIOuwjyDrqZTtg4DrjbDsnbTthLAg6rCx7IugIgpkbmYgY2xlYW4gYWxsIDI+L2Rldi9udWxsCmRuZiBtYWtlY2FjaGUgLS1yZWZyZXNoIDI+L2Rldi9udWxsIHx8IGxvZyAi66mU7YOA642w7J207YSwIOqwseyLoCDsi6TtjKggKOustOyLnCkiCgojIGh0dHBk6rCAIOydtOuvuCDshKTsuZjrkJjslrQg7J6I64qU7KeAIO2ZleyduCAo66mx65Ox7ISxKQppZiBycG0gLXEgaHR0cGQgPi9kZXYvbnVsbCAyPiYxOyB0aGVuCiAgICBsb2cgImh0dHBk6rCAIOydtOuvuCDshKTsuZjrkJjslrQg7J6I7Iq164uI64ukLiDshKTsuZgg7Iqk7YK1IgogICAgSFRUUERfSU5TVEFMTEVEPXRydWUKZWxzZQogICAgSFRUUERfSU5TVEFMTEVEPWZhbHNlCiAgICBsb2cgImh0dHBkIOuwjyBQSFAg7Yyo7YKk7KeAIOyEpOy5mCDsi5zsnpEiCiAgICAKICAgICMg7J6s7Iuc64+EIOuhnOyngSDqsJXtmZQgKDXtmowg7Iuc64+ELCDsp4DsiJgg67Cx7Jik7ZSEKQogICAgTUFYX1JFVFJJRVM9NQogICAgUkVUUllfQ09VTlQ9MAogICAgQkFDS09GRj01CiAgICAKICAgIGZvciBpIGluIDEgMiAzIDQgNTsgZG8KICAgICAgICBsb2cgIu2MqO2CpOyngCDshKTsuZgg7Iuc64+EICgkJGkvNSkiCiAgICAgICAgCiAgICAgICAgaWYgdGltZW91dCAzMDAgZG5mIGluc3RhbGwgLXkgaHR0cGQgcGhwIHBocC1teXNxbG5kOyB0aGVuCiAgICAgICAgICAgIGxvZyAi7Yyo7YKk7KeAIOyEpOy5mCDshLHqs7UhIgogICAgICAgICAgICBIVFRQRF9JTlNUQUxMRUQ9dHJ1ZQogICAgICAgICAgICBicmVhawogICAgICAgIGZpCiAgICAgICAgCiAgICAgICAgaWYgWyAkJGkgLWx0IDUgXTsgdGhlbgogICAgICAgICAgICBXQUlUX1RJTUU9MTAKICAgICAgICAgICAgbG9nICLtjKjtgqTsp4Ag7ISk7LmYIOyLpO2MqC4gJCRXQUlUX1RJTUXstIgg7ZuEIOyerOyLnOuPhC4uLiIKICAgICAgICAgICAgc2xlZXAgJCRXQUlUX1RJTUUKICAgICAgICAgICAgZG5mIGNsZWFuIGFsbCAyPi9kZXYvbnVsbAogICAgICAgIGZpCiAgICBkb25lCiAgICAKICAgIGlmIFsgIiQkSFRUUERfSU5TVEFMTEVEIiA9IGZhbHNlIF07IHRoZW4KICAgICAgICBsb2cgIu2MqO2CpOyngCDshKTsuZgg7LWc7KKFIOyLpO2MqC4g7Iuc7Iqk7YWcIO2MqO2CpOyngCDsoJXrs7Qg7ZmV7J24Li4uIgogICAgICAgIGRuZiByZXBvbGlzdCAyPiYxIHwgaGVhZCAtMjAKICAgICAgICBsb2cgIuuMgOyytCDrsKnrspUg7Iuc64+EOiDstZzshowg7Yyo7YKk7KeA66eMIOyEpOy5mCIKICAgICAgICBkbmYgaW5zdGFsbCAteSBodHRwZCB8fCBsb2cgImh0dHBkIOuLqOuPhSDshKTsuZjrj4Qg7Iuk7YyoIgogICAgZmkKZmkKCiMg7Ju5IOuUlOugie2EsOumrCDsg53shLEKbG9nICLsm7kg65SU66CJ7YSw66asIOyEpOyglSIKbWtkaXIgLXAgL3Zhci93d3cvaHRtbApjaG1vZCA3NTUgL3Zhci93d3cvaHRtbAoKIyDthYzsiqTtirgg7Y6Y7J207KeAIOyDneyEsSAo66mx65Ox7ISxKQpsb2cgIu2FjOyKpO2KuCDtjpjsnbTsp4Ag7IOd7ISxIgpTRVJWRVJfSE9TVE5BTUU9YGhvc3RuYW1lYAoKIyBpbmRleC5waHAKaWYgWyAhIC1mIC92YXIvd3d3L2h0bWwvaW5kZXgucGhwIF07IHRoZW4KICAgIGNhdCA+IC92YXIvd3d3L2h0bWwvaW5kZXgucGhwIDw8RU9GCjw/cGhwCmVjaG8gIjxoMT5XQVMgU2VydmVyOiAkJFNFUlZFUl9IT1NUTkFNRTwvaDE+IjsKZWNobyAiPHA+VGltZTogIiAuIGRhdGUoJ1ktbS1kIEg6aTpzJykgLiAiPC9wPiI7CmVjaG8gIjxwPlBIUCBWZXJzaW9uOiAiIC4gcGhwdmVyc2lvbigpIC4gIjwvcD4iOwplY2hvICI8aHI+IjsKZWNobyAiPGgyPlNlcnZlciBJbmZvPC9oMj4iOwplY2hvICI8cHJlPiI7CmVjaG8gIkhvc3RuYW1lOiAiIC4gZ2V0aG9zdG5hbWUoKSAuICJcXG4iOwplY2hvICJTZXJ2ZXIgSVA6ICIgLiBcJF9TRVJWRVJbJ1NFUlZFUl9BRERSJ10gLiAiXFxuIjsKZWNobyAiQ2xpZW50IElQOiAiIC4gXCRfU0VSVkVSWydSRU1PVEVfQUREUiddIC4gIlxcbiI7CmVjaG8gIjwvcHJlPiI7Cj8+CkVPRgogICAgbG9nICJpbmRleC5waHAg7IOd7ISxIOyZhOujjCIKZWxzZQogICAgbG9nICJpbmRleC5waHAg7J2066+4IOyhtOyerCAo7Iqk7YK1KSIKZmkKCiMgaW5kZXguaHRtbCAoRmFsbGJhY2spCmlmIFsgISAtZiAvdmFyL3d3dy9odG1sL2luZGV4Lmh0bWwgXTsgdGhlbgogICAgY2F0ID4gL3Zhci93d3cvaHRtbC9pbmRleC5odG1sIDw8RU9GCjwhRE9DVFlQRSBodG1sPgo8aHRtbD4KPGhlYWQ+PHRpdGxlPldBUyBTZXJ2ZXI8L3RpdGxlPjwvaGVhZD4KPGJvZHk+CiAgICA8aDE+V0FTIFNlcnZlciAoU3RhdGljKTogJCRTRVJWRVJfSE9TVE5BTUU8L2gxPgogICAgPHA+VGltZTogJCQoZGF0ZSAnKyVZLSVtLSVkICVIOiVNOiVTJyk8L3A+CiAgICA8cD5TdGF0dXM6IEFjdGl2ZTwvcD4KPC9ib2R5Pgo8L2h0bWw+CkVPRgogICAgbG9nICJpbmRleC5odG1sIOyDneyEsSDsmYTro4wiCmVsc2UKICAgIGxvZyAiaW5kZXguaHRtbCDsnbTrr7gg7KG07J6sICjsiqTtgrUpIgpmaQoKIyBIZWFsdGggY2hlY2sg7YyM7J28IOyDneyEsQpsb2cgIkhlYWx0aCBjaGVjayDtjIzsnbwg7IOd7ISxIgplY2hvICIkJFNFUlZFUl9IT1NUTkFNRSAtICQkKGRhdGUpIiA+IC92YXIvd3d3L2h0bWwvaGVhbHRoLmh0bWwKbG9nICJoZWFsdGguaHRtbCDsg53shLEg7JmE66OMOiAkJChjYXQgL3Zhci93d3cvaHRtbC9oZWFsdGguaHRtbCkiCgojIOybuSDrlJTroInthLDrpqwg6raM7ZWcIOyEpOyglQpsb2cgIuybuSDrlJTroInthLDrpqwg6raM7ZWcIOyEpOyglSIKY2hvd24gLVIgYXBhY2hlOmFwYWNoZSAvdmFyL3d3dy9odG1sIDI+L2Rldi9udWxsIHx8IGNob3duIC1SIHJvb3Q6cm9vdCAvdmFyL3d3dy9odG1sCmNobW9kIC1SIDc1NSAvdmFyL3d3dy9odG1sCmxvZyAi6raM7ZWcIOyEpOyglSDsmYTro4wiCgojIGh0dHBk6rCAIOyEpOy5mOuQmOyWtCDsnojsnYQg65WM66eMIOyEnOu5hOyKpCDsi5zsnpEKaWYgWyAiJCRIVFRQRF9JTlNUQUxMRUQiID0gdHJ1ZSBdIHx8IHJwbSAtcSBodHRwZCA+L2Rldi9udWxsIDI+JjE7IHRoZW4KICAgIGxvZyAiaHR0cGQg7ISc67mE7IqkIOyEpOyglSDrsI8g7Iuc7J6RIgogICAgCiAgICAjIEFwYWNoZSDshKTsoJUgLSBEaXJlY3RvcnlJbmRleCDrs4Dqsr0KICAgIGlmIFsgLWYgL2V0Yy9odHRwZC9jb25mL2h0dHBkLmNvbmYgXTsgdGhlbgogICAgICAgIHNlZCAtaSAncy9EaXJlY3RvcnlJbmRleCBpbmRleC5odG1sL0RpcmVjdG9yeUluZGV4IGluZGV4LnBocCBpbmRleC5odG1sL2cnIC9ldGMvaHR0cGQvY29uZi9odHRwZC5jb25mIDI+L2Rldi9udWxsCiAgICAgICAgbG9nICJEaXJlY3RvcnlJbmRleCDshKTsoJUg7JmE66OMIgogICAgZmkKICAgIAogICAgIyBodHRwZCDsi5zsnpEKICAgIHN5c3RlbWN0bCBlbmFibGUgaHR0cGQgMj4vZGV2L251bGwKICAgIHN5c3RlbWN0bCByZXN0YXJ0IGh0dHBkIDI+L2Rldi9udWxsCiAgICBzbGVlcCAzCiAgICAKICAgIGlmIHN5c3RlbWN0bCBpcy1hY3RpdmUgaHR0cGQgPi9kZXYvbnVsbCAyPiYxOyB0aGVuCiAgICAgICAgbG9nICJodHRwZCDshJzruYTsiqQg7KCV7IOBIOyLpO2WiSDspJEiCiAgICAgICAgc3lzdGVtY3RsIHN0YXR1cyBodHRwZCAtLW5vLXBhZ2VyIHwgaGVhZCAtMTAKICAgIGVsc2UKICAgICAgICBsb2cgImh0dHBkIOyEnOu5hOyKpCDsi5zsnpEg7Iuk7YyoLiDsg4Htg5wg7ZmV7J24OiIKICAgICAgICBzeXN0ZW1jdGwgc3RhdHVzIGh0dHBkIC0tbm8tcGFnZXIgMj4mMSB8IGhlYWQgLTIwCiAgICBmaQogICAgCiAgICAjIOuhnOy7rCDthYzsiqTtirgKICAgIGxvZyAi66Gc7LusIO2XrOyKpCDssrTtgawg7IiY7ZaJIgogICAgc2xlZXAgMgogICAgaWYgY3VybCAtSSBodHRwOi8vbG9jYWxob3N0L2hlYWx0aC5odG1sIDI+JjEgfCBncmVwIC1xICIyMDAgT0siOyB0aGVuCiAgICAgICAgbG9nICLinIUg66Gc7LusIO2XrOyKpCDssrTtgawg7ISx6rO1IgogICAgZWxzZQogICAgICAgIGxvZyAi4pqg77iPICDroZzsu6wg7Zes7IqkIOyytO2BrCDsi6TtjKguIGN1cmwg7Lac66ClOiIKICAgICAgICBjdXJsIC1JIGh0dHA6Ly9sb2NhbGhvc3QvaGVhbHRoLmh0bWwgMj4mMSB8IGhlYWQgLTEwCiAgICBmaQplbHNlCiAgICBsb2cgIuKaoO+4jyAgaHR0cGQg66+47ISk7LmYIOyDge2DnC4g7ISc67mE7IqkIOyLnOyekSDsiqTtgrUiCmZpCgojIOyZhOujjCDtkZzsi5wKbG9nICI9PT09PT09PT09PT09PT09PT09PT09PT09PT09PT09PT09PT09PT09PT0iCmxvZyAiV0FTIFZNU1Mg7LSI6riw7ZmUIOyZhOujjCIKbG9nICI9PT09PT09PT09PT09PT09PT09PT09PT09PT09PT09PT09PT09PT09PT0iCmRhdGUgPiAiJCRDT01QTEVURV9GTEFHIgpjaG1vZCA2NDQgIiQkQ09NUExFVEVfRkxBRyIKbG9nICLsmYTro4wg7ZSM656Y6re4IO2MjOydvCDsg53shLE6ICQkQ09NUExFVEVfRkxBRyIK",
            "virtual_machine_id": "00cc18b5-50a5-4c0f-a156-af8e7578751c",
            "virtual_machine_scale_set_id": "",
            "vm_agent_platform_updates_enabled": false,
            "vtpm_enabled": false,
            "zone": "1"
          },
          "sensitive_attributes": [
            [
              {
                "type": "get_attr",
                "value": "admin_password"
              }
            ],
            [
              {
                "type": "get_attr",
                "value": "custom_data"
              }
            ],
            [
              {
                "type": "get_attr",
                "value": "user_data"
              }
            ]
          ],
          "identity_schema_version": 0,
          "private": "eyJlMmJmYjczMC1lY2FhLTExZTYtOGY4OC0zNDM2M2JjN2M0YzAiOnsiY3JlYXRlIjoyNzAwMDAwMDAwMDAwLCJkZWxldGUiOjI3MDAwMDAwMDAwMDAsInJlYWQiOjMwMDAwMDAwMDAwMCwidXBkYXRlIjoyNzAwMDAwMDAwMDAwfX0=",
          "dependencies": [
            "azurerm_resource_group.rg",
            "module.compute.azurerm_network_interface.webvm_nic",
            "module.database.azurerm_mysql_flexible_server.www_mysql",
            "module.database.azurerm_redis_cache.www_redis",
            "module.database.random_string.mysql_suffix",
            "module.database.random_string.redis_suffix",
            "module.network_central.azurerm_subnet.subnets",
            "module.network_central.azurerm_virtual_network.vnet",
            "module.storage.azurerm_storage_account.www_sa",
            "module.storage.random_string.sa_suffix"
          ]
        }
      ]
    },
    {
      "module": "module.compute",
      "mode": "managed",
      "type": "azurerm_linux_virtual_machine_scale_set",
      "name": "vmss",
      "provider": "provider[\"registry.terraform.io/hashicorp/azurerm\"]",
      "instances": [
        {
          "schema_version": 0,
          "attributes": {
            "additional_capabilities": [],
            "admin_password": null,
            "admin_ssh_key": [
              {
                "public_key": "ssh-rsa AAAAB3NzaC1yc2EAAAADAQABAAACAQC/TlpVUiv5Z/P3mboBl0O/9rKioqT71tOasgqglsOzUNpH4VFl9OlPIWhk3+pKWvzNU+mMZSdsgRPwM1kGqYl3Nx2fnP5D/a/5sNlHgOZajuKgoxvWUmvU8Qd5MBUt0YHWGQCipsZnOeMjTquv/tA0t3zm6CDoMm/QmnHqEQXFeSExvGQ3RKZ5tz1Yy9FKNaAki+TpVbUWTJA95EDOOiPRLFcyv7A1hRxdtrZ/+EJxGnwx6mmx367Wor3oiYK/J1Ju3zX+8ucstTFua/Ka2CCxCOLHzpkRtF1EOHS+eghVh4aNR9V6RVevzQf44HR8FSD/3JppBmymXpnBC93lpab/UtSzG+pvu0NOI7suGUlMZ/M9eT4RhGvMVWyEMhbeUhiKqZd/LbnQ9RjNsp0f5oPVbzUjg4YSymXOs48uQqYhSnvjb3Y6/8dKze1baTIFl8IDfUmTFaLuXeEzv0XxJTEEsXmB3O17bJXHKYhEfSMYb5BoZBmNt3UVeC1N7qfImnbHBFD2PonhsB21Uwn/s8KYuRNEmirJR031TBevTal2BWJzJmH8dOZZF2x0DPYwhr9YyOwT+YRv9VxR/oGXQcoTq4EkzUx53xJqVT64m5XJ+8cMMzXs4PmN0RyydjDsPuWe1pjZ5eYscc492U2n4yNaiH2vOmNMbn5X9dyc4KHb6Q== school\r\n",
                "username": "www"
              },
              {
                "public_key": "ssh-rsa AAAAB3NzaC1yc2EAAAADAQABAAACAQDEQ9S4RS2JUOKiaCaBw4oPlYbCOscuYsk9Zm0h07tIvqzGFwsQcMCYCGUYMyUoWxZU3V8WoxOruBhdn6RJMj+H7E2OAI3pfCqC1H0VflC00fO8K1dkQIqfbfrUgdwZRZbfXg6a2iuD2TTwUjeXw0lwqqK8QvMplbROGZSLf+erIC2aHN60ekHJLXSP3492Vy6RHj07bJiupG8ylsAvV3nKhkR58zrhOvNiOUSvwtOSyvlrnnpj0Zo31defuY5mVrAMfw90sWzt9h5iItFGbQVTagmd2/derktwToxQY0nZEkPPvX3Km4qq3/OdIWhtR940eaePPHmSdgfQ+tt4vA+uRNaIGbCEwmQsMDa7GzsiHDk5EAtrOm6oqT2y590poIVRlkHB4FiPx4zJS/OnTsW1z3P53Tged7gd21bWkFmAjLzTfLGlMKGeF8rxcWDdOkqC4BViA296kBYJ1QE9vpWOq2taam6usTqiD2asc7Ie7/iR28Vw6cVZ2lxU3dh7zJ6IxPl6l7OxLNwUGWIy6L8cGua2OvFtddJL290DDNAXRCGbkg7XRCBl+QwJfkAOdocNCzFtMekw9nQ384mRFajjaE3kMH4rd7C3ty4cLk/9ZLaA7QhUJ0dpTYFSlpn5/V+82/ROU3GkoRgm8qUeO2/mx5SrLQFdtVMdpfdcLj4zFw== home\r\n",
                "username": "www"
              }
            ],
            "admin_username": "www",
            "automatic_instance_repair": [
              {
                "action": "",
                "enabled": true,
                "grace_period": "PT30M"
              }
            ],
            "automatic_os_upgrade_policy": [
              {
                "disable_automatic_rollback": false,
                "enable_automatic_os_upgrade": false
              }
            ],
            "boot_diagnostics": [],
            "capacity_reservation_group_id": "",
            "computer_name_prefix": "web-vmss",
            "custom_data": null,
            "data_disk": [],
            "disable_password_authentication": true,
            "do_not_run_extensions_on_overprovisioned_machines": false,
            "edge_zone": "",
            "encryption_at_host_enabled": false,
            "eviction_policy": "",
            "extension": [],
            "extension_operations_enabled": true,
            "extensions_time_budget": "PT1H30M",
            "gallery_application": [],
            "health_probe_id": "/subscriptions/99b79efe-ebd6-468c-b39f-5669acb259e1/resourceGroups/04-t1-www-rg/providers/Microsoft.Network/loadBalancers/www-lb/probes/http-probe",
            "host_group_id": null,
            "id": "/subscriptions/99b79efe-ebd6-468c-b39f-5669acb259e1/resourceGroups/04-t1-www-rg/providers/Microsoft.Compute/virtualMachineScaleSets/web-vmss",
            "identity": [],
            "instances": 2,
            "location": "koreacentral",
            "max_bid_price": -1,
            "name": "web-vmss",
            "network_interface": [
              {
                "auxiliary_mode": "",
                "auxiliary_sku": "",
                "dns_servers": [],
                "enable_accelerated_networking": true,
                "enable_ip_forwarding": false,
                "ip_configuration": [
                  {
                    "application_gateway_backend_address_pool_ids": [],
                    "application_security_group_ids": [],
                    "load_balancer_backend_address_pool_ids": [
                      "/subscriptions/99b79efe-ebd6-468c-b39f-5669acb259e1/resourceGroups/04-t1-www-rg/providers/Microsoft.Network/loadBalancers/www-lb/backendAddressPools/www-backend-pool"
                    ],
                    "load_balancer_inbound_nat_rules_ids": [
                      "/subscriptions/99b79efe-ebd6-468c-b39f-5669acb259e1/resourceGroups/04-t1-www-rg/providers/Microsoft.Network/loadBalancers/www-lb/inboundNatPools/ssh-nat-pool"
                    ],
                    "name": "internal",
                    "primary": true,
                    "public_ip_address": [],
                    "subnet_id": "/subscriptions/99b79efe-ebd6-468c-b39f-5669acb259e1/resourceGroups/04-t1-www-rg/providers/Microsoft.Network/virtualNetworks/vnet0/subnets/www-vmss",
                    "version": "IPv4"
                  }
                ],
                "name": "vmss-nic",
                "network_security_group_id": "",
                "primary": true
              }
            ],
            "os_disk": [
              {
                "caching": "ReadOnly",
                "diff_disk_settings": [],
                "disk_encryption_set_id": "",
                "disk_size_gb": 10,
                "secure_vm_disk_encryption_set_id": "",
                "security_encryption_type": "",
                "storage_account_type": "Premium_LRS",
                "write_accelerator_enabled": false
              }
            ],
            "overprovision": false,
            "plan": [
              {
                "name": "9-lvm",
                "product": "rockylinux-x86_64",
                "publisher": "resf"
              }
            ],
            "platform_fault_domain_count": 5,
            "priority": "Regular",
            "provision_vm_agent": true,
            "proximity_placement_group_id": "",
            "resilient_vm_creation_enabled": false,
            "resilient_vm_deletion_enabled": false,
            "resource_group_name": "04-t1-www-rg",
            "rolling_upgrade_policy": [
              {
                "cross_zone_upgrades_enabled": false,
                "max_batch_instance_percent": 20,
                "max_unhealthy_instance_percent": 20,
                "max_unhealthy_upgraded_instance_percent": 5,
                "maximum_surge_instances_enabled": false,
                "pause_time_between_batches": "PT0S",
                "prioritize_unhealthy_instances_enabled": false
              }
            ],
            "scale_in": [],
            "secret": [],
            "secure_boot_enabled": false,
            "single_placement_group": true,
            "sku": "Standard_D2s_v3",
            "source_image_id": "/subscriptions/99b79efe-ebd6-468c-b39f-5669acb259e1/resourceGroups/04-t1-www-rg/providers/Microsoft.Compute/galleries/mygallery9fflyi/images/my-image/versions/1.0.0",
            "source_image_reference": [],
            "spot_restore": [],
            "tags": {
              "Environment": "Production",
              "ManagedBy": "Terraform",
              "Purpose": "Web-Scale-Set"
            },
            "termination_notification": [],
            "timeouts": null,
            "unique_id": "7c5aeaa7-f2a1-417f-9a87-3fe145b7f23f",
            "upgrade_mode": "Rolling",
            "user_data": "IyEvYmluL2Jhc2gKIyBXZWIgVk1TUyDstIjquLDtmZQg7Iqk7YGs66a97Yq4CiMg7J6R7ISx7J28OiAyMDI1LTExLTI4CiMg66Gc6rmFIOyEpOyglQpMT0dfRklMRT0iL3Zhci9sb2cvd2ViX2luaXQubG9nIgpleGVjID4gPih0ZWUgLWEgIiRMT0dfRklMRSIpIDI+JjEKCmxvZygpIHsKICAgIGVjaG8gIlskKGRhdGUgJyslWS0lbS0lZCAlSDolTTolUycpXSAkMSIKfQoKbG9nICI9PT09PT09PT09PT09PT09PT09PT09PT09PT09PT09PT09PT09PT09PT0iCmxvZyAiV2ViIFZNU1Mg7LSI6riw7ZmUIOyLnOyekSIKbG9nICI9PT09PT09PT09PT09PT09PT09PT09PT09PT09PT09PT09PT09PT09PT0iCgojIFNFTGludXgg67mE7Zmc7ISx7ZmUCmxvZyAiU0VMaW51eCDruYTtmZzshLHtmZQiCnNldGVuZm9yY2UgMCB8fCBsb2cgIlNFTGludXggYWxyZWFkeSBwZXJtaXNzaXZlIgpncnViYnkgLS11cGRhdGUta2VybmVsIEFMTCAtLWFyZ3Mgc2VsaW51eD0wIHx8IGxvZyAiZ3J1YmJ5IOyEpOyglSDsi6TtjKggKOustOyLnCkiCgojIOuwqe2ZlOuyvSDshKTsoJUKbG9nICLrsKntmZTrsr0g7ISk7KCVIC0gSFRUUCg4MCksIEhUVFBTKDQ0MyksIFNTSCgyMikg7Y+s7Yq4IO2XiOyaqSIKc3lzdGVtY3RsIGVuYWJsZSBmaXJld2FsbGQKc3lzdGVtY3RsIHN0YXJ0IGZpcmV3YWxsZApmaXJld2FsbC1jbWQgLS16b25lPXB1YmxpYyAtLWFkZC1zZXJ2aWNlPWh0dHAgLS1wZXJtYW5lbnQKZmlyZXdhbGwtY21kIC0tem9uZT1wdWJsaWMgLS1hZGQtc2VydmljZT1odHRwcyAtLXBlcm1hbmVudApmaXJld2FsbC1jbWQgLS16b25lPXB1YmxpYyAtLWFkZC1wb3J0PTIyL3RjcCAtLXBlcm1hbmVudApmaXJld2FsbC1jbWQgLS1yZWxvYWQKbG9nICLrsKntmZTrsr0g7ISk7KCVIOyZhOujjCIKCiMgTmdpbngg7ISk7LmYCmxvZyAiTmdpbngg7Yyo7YKk7KeAIOyEpOy5mCIKZG5mIGluc3RhbGwgLXkgbmdpbngKbG9nICJOZ2lueCDshKTsuZgg7JmE66OMIgoKIyBOZ2lueCDrpqzrsoTsiqQg7ZSE66Gd7IucIOyEpOyglQpsb2cgIk5naW54IOumrOuyhOyKpCDtlITroZ3si5wg7ISk7KCVIOyDneyEsSIKY2F0IDw8RU9GID4gL2V0Yy9uZ2lueC9jb25mLmQvcmV2ZXJzZV9wcm94eS5jb25mCnNlcnZlciB7CiAgICBsaXN0ZW4gODAgZGVmYXVsdF9zZXJ2ZXI7CiAgICBzZXJ2ZXJfbmFtZSBfOwoKICAgIGxvY2F0aW9uIC8gewogICAgICAgIHByb3h5X3Bhc3MgaHR0cDovLzE5Mi4xNjguNS40OwogICAgICAgIHByb3h5X3NldF9oZWFkZXIgSG9zdCBcJGhvc3Q7CiAgICAgICAgcHJveHlfc2V0X2hlYWRlciBYLVJlYWwtSVAgXCRyZW1vdGVfYWRkcjsKICAgICAgICBwcm94eV9zZXRfaGVhZGVyIFgtRm9yd2FyZGVkLUZvciBcJHByb3h5X2FkZF94X2ZvcndhcmRlZF9mb3I7CiAgICB9CgogICAgbG9jYXRpb24gL2hlYWx0aC5odG1sIHsKICAgICAgICBhY2Nlc3NfbG9nIG9mZjsKICAgICAgICByZXR1cm4gMjAwICdXZWItT0snOwogICAgICAgIGFkZF9oZWFkZXIgQ29udGVudC1UeXBlIHRleHQvcGxhaW47CiAgICB9Cn0KRU9GCmxvZyAiTmdpbngg7ISk7KCVIO2MjOydvCDsg53shLEg7JmE66OMIgoKIyDquLDrs7gg7ISk7KCVIOygnOqxsApsb2cgIuq4sOuzuCBOZ2lueCDshKTsoJUg7KCc6rGwIgpybSAtZiAvZXRjL25naW54L2NvbmYuZC9kZWZhdWx0LmNvbmYgfHwgbG9nICLquLDrs7gg7ISk7KCVIO2MjOydvCDsl4bsnYwiCgojIE5naW54IO2FjOyKpO2KuCDrsI8g7Iuc7J6RCmxvZyAiTmdpbngg7ISk7KCVIO2FjOyKpO2KuCIKbmdpbnggLXQgJiYgbG9nICJOZ2lueCDshKTsoJUg6rKA7KadIOyEseqztSIgfHwgbG9nICJOZ2lueCDshKTsoJUg6rKA7KadIOyLpO2MqCIKCmxvZyAiTmdpbngg7ISc67mE7IqkIOyLnOyekSIKc3lzdGVtY3RsIGVuYWJsZSBuZ2lueApzeXN0ZW1jdGwgc3RhcnQgbmdpbngKc3lzdGVtY3RsIHN0YXR1cyBuZ2lueCAtLW5vLXBhZ2VyIHx8IGxvZyAiTmdpbngg7IOB7YOcIO2ZleyduCDsi6TtjKgiCgojIOuhnOy7rCDthYzsiqTtirgKbG9nICLroZzsu6wg7YWM7Iqk7Yq4IOyImO2WiSIKc2xlZXAgMgpjdXJsIC1JIGh0dHA6Ly9sb2NhbGhvc3QvaGVhbHRoLmh0bWwgJiYgbG9nICLroZzsu6wg7Zes7IqkIOyytO2BrCDshLHqs7UiIHx8IGxvZyAi66Gc7LusIO2XrOyKpCDssrTtgawg7Iuk7YyoIgoKIyDsmYTro4wg7ZGc7IucCmxvZyAiPT09PT09PT09PT09PT09PT09PT09PT09PT09PT09PT09PT09PT09PT09Igpsb2cgIldlYiBWTVNTIOy0iOq4sO2ZlCDsmYTro4wiCmxvZyAiPT09PT09PT09PT09PT09PT09PT09PT09PT09PT09PT09PT09PT09PT09IgplY2hvICJJTklUX0NPTVBMRVRFRCIgPiAvdG1wL3dlYl9pbml0X2NvbXBsZXRlLnR4dApjaG1vZCA2NDQgL3RtcC93ZWJfaW5pdF9jb21wbGV0ZS50eHQKbG9nICLsmYTro4wg7ZSM656Y6re4IO2MjOydvCDsg53shLE6IC90bXAvd2ViX2luaXRfY29tcGxldGUudHh0Igo=",
            "vtpm_enabled": false,
            "zone_balance": false,
            "zones": [
              "1",
              "2"
            ]
          },
          "sensitive_attributes": [
            [
              {
                "type": "get_attr",
                "value": "admin_password"
              }
            ],
            [
              {
                "type": "get_attr",
                "value": "custom_data"
              }
            ]
          ],
          "identity_schema_version": 0,
          "private": "eyJlMmJmYjczMC1lY2FhLTExZTYtOGY4OC0zNDM2M2JjN2M0YzAiOnsiY3JlYXRlIjozNjAwMDAwMDAwMDAwLCJkZWxldGUiOjM2MDAwMDAwMDAwMDAsInJlYWQiOjMwMDAwMDAwMDAwMCwidXBkYXRlIjozNjAwMDAwMDAwMDAwfX0=",
          "dependencies": [
            "azurerm_resource_group.rg",
            "module.compute.azurerm_linux_virtual_machine.webvm",
            "module.compute.azurerm_network_interface.webvm_nic",
            "module.compute.azurerm_shared_image.image",
            "module.compute.azurerm_shared_image_gallery.gallery",
            "module.compute.azurerm_shared_image_version.version",
            "module.compute.azurerm_snapshot.snapshot",
            "module.compute.random_string.suffix",
            "module.database.azurerm_mysql_flexible_server.www_mysql",
            "module.database.azurerm_redis_cache.www_redis",
            "module.database.random_string.mysql_suffix",
            "module.database.random_string.redis_suffix",
            "module.network_central.azurerm_lb.vmss_lb",
            "module.network_central.azurerm_lb.was_lb",
            "module.network_central.azurerm_lb_backend_address_pool.bpepool",
            "module.network_central.azurerm_lb_nat_pool.ssh_nat_pool",
            "module.network_central.azurerm_lb_probe.vmss_probe",
            "module.network_central.azurerm_public_ip.lb_pip",
            "module.network_central.azurerm_subnet.subnets",
            "module.network_central.azurerm_virtual_network.vnet",
            "module.storage.azurerm_storage_account.www_sa",
            "module.storage.random_string.sa_suffix"
          ]
        }
      ]
    },
    {
      "module": "module.compute",
      "mode": "managed",
      "type": "azurerm_linux_virtual_machine_scale_set",
      "name": "was_vmss",
      "provider": "provider[\"registry.terraform.io/hashicorp/azurerm\"]",
      "instances": [
        {
          "schema_version": 0,
          "attributes": {
            "additional_capabilities": [],
            "admin_password": null,
            "admin_ssh_key": [
              {
                "public_key": "ssh-rsa AAAAB3NzaC1yc2EAAAADAQABAAACAQC/TlpVUiv5Z/P3mboBl0O/9rKioqT71tOasgqglsOzUNpH4VFl9OlPIWhk3+pKWvzNU+mMZSdsgRPwM1kGqYl3Nx2fnP5D/a/5sNlHgOZajuKgoxvWUmvU8Qd5MBUt0YHWGQCipsZnOeMjTquv/tA0t3zm6CDoMm/QmnHqEQXFeSExvGQ3RKZ5tz1Yy9FKNaAki+TpVbUWTJA95EDOOiPRLFcyv7A1hRxdtrZ/+EJxGnwx6mmx367Wor3oiYK/J1Ju3zX+8ucstTFua/Ka2CCxCOLHzpkRtF1EOHS+eghVh4aNR9V6RVevzQf44HR8FSD/3JppBmymXpnBC93lpab/UtSzG+pvu0NOI7suGUlMZ/M9eT4RhGvMVWyEMhbeUhiKqZd/LbnQ9RjNsp0f5oPVbzUjg4YSymXOs48uQqYhSnvjb3Y6/8dKze1baTIFl8IDfUmTFaLuXeEzv0XxJTEEsXmB3O17bJXHKYhEfSMYb5BoZBmNt3UVeC1N7qfImnbHBFD2PonhsB21Uwn/s8KYuRNEmirJR031TBevTal2BWJzJmH8dOZZF2x0DPYwhr9YyOwT+YRv9VxR/oGXQcoTq4EkzUx53xJqVT64m5XJ+8cMMzXs4PmN0RyydjDsPuWe1pjZ5eYscc492U2n4yNaiH2vOmNMbn5X9dyc4KHb6Q== school\r\n",
                "username": "www"
              },
              {
                "public_key": "ssh-rsa AAAAB3NzaC1yc2EAAAADAQABAAACAQDEQ9S4RS2JUOKiaCaBw4oPlYbCOscuYsk9Zm0h07tIvqzGFwsQcMCYCGUYMyUoWxZU3V8WoxOruBhdn6RJMj+H7E2OAI3pfCqC1H0VflC00fO8K1dkQIqfbfrUgdwZRZbfXg6a2iuD2TTwUjeXw0lwqqK8QvMplbROGZSLf+erIC2aHN60ekHJLXSP3492Vy6RHj07bJiupG8ylsAvV3nKhkR58zrhOvNiOUSvwtOSyvlrnnpj0Zo31defuY5mVrAMfw90sWzt9h5iItFGbQVTagmd2/derktwToxQY0nZEkPPvX3Km4qq3/OdIWhtR940eaePPHmSdgfQ+tt4vA+uRNaIGbCEwmQsMDa7GzsiHDk5EAtrOm6oqT2y590poIVRlkHB4FiPx4zJS/OnTsW1z3P53Tged7gd21bWkFmAjLzTfLGlMKGeF8rxcWDdOkqC4BViA296kBYJ1QE9vpWOq2taam6usTqiD2asc7Ie7/iR28Vw6cVZ2lxU3dh7zJ6IxPl6l7OxLNwUGWIy6L8cGua2OvFtddJL290DDNAXRCGbkg7XRCBl+QwJfkAOdocNCzFtMekw9nQ384mRFajjaE3kMH4rd7C3ty4cLk/9ZLaA7QhUJ0dpTYFSlpn5/V+82/ROU3GkoRgm8qUeO2/mx5SrLQFdtVMdpfdcLj4zFw== home\r\n",
                "username": "www"
              }
            ],
            "admin_username": "www",
            "automatic_instance_repair": [
              {
                "action": "",
                "enabled": true,
                "grace_period": "PT30M"
              }
            ],
            "automatic_os_upgrade_policy": [
              {
                "disable_automatic_rollback": false,
                "enable_automatic_os_upgrade": false
              }
            ],
            "boot_diagnostics": [],
            "capacity_reservation_group_id": "",
            "computer_name_prefix": "was-vmss",
            "custom_data": null,
            "data_disk": [],
            "disable_password_authentication": true,
            "do_not_run_extensions_on_overprovisioned_machines": false,
            "edge_zone": "",
            "encryption_at_host_enabled": false,
            "eviction_policy": "",
            "extension": [],
            "extension_operations_enabled": true,
            "extensions_time_budget": "PT1H30M",
            "gallery_application": [],
            "health_probe_id": "/subscriptions/99b79efe-ebd6-468c-b39f-5669acb259e1/resourceGroups/04-t1-www-rg/providers/Microsoft.Network/loadBalancers/www-was-lb/probes/was-http-probe",
            "host_group_id": null,
            "id": "/subscriptions/99b79efe-ebd6-468c-b39f-5669acb259e1/resourceGroups/04-t1-www-rg/providers/Microsoft.Compute/virtualMachineScaleSets/was-vmss",
            "identity": [],
            "instances": 1,
            "location": "koreacentral",
            "max_bid_price": -1,
            "name": "was-vmss",
            "network_interface": [
              {
                "auxiliary_mode": "",
                "auxiliary_sku": "",
                "dns_servers": [],
                "enable_accelerated_networking": true,
                "enable_ip_forwarding": false,
                "ip_configuration": [
                  {
                    "application_gateway_backend_address_pool_ids": [],
                    "application_security_group_ids": [],
                    "load_balancer_backend_address_pool_ids": [
                      "/subscriptions/99b79efe-ebd6-468c-b39f-5669acb259e1/resourceGroups/04-t1-www-rg/providers/Microsoft.Network/loadBalancers/www-was-lb/backendAddressPools/www-was-backend-pool"
                    ],
                    "load_balancer_inbound_nat_rules_ids": [],
                    "name": "internal",
                    "primary": true,
                    "public_ip_address": [],
                    "subnet_id": "/subscriptions/99b79efe-ebd6-468c-b39f-5669acb259e1/resourceGroups/04-t1-www-rg/providers/Microsoft.Network/virtualNetworks/vnet0/subnets/www-was",
                    "version": "IPv4"
                  }
                ],
                "name": "was-vmss-nic",
                "network_security_group_id": "",
                "primary": true
              }
            ],
            "os_disk": [
              {
                "caching": "ReadOnly",
                "diff_disk_settings": [],
                "disk_encryption_set_id": "",
                "disk_size_gb": 10,
                "secure_vm_disk_encryption_set_id": "",
                "security_encryption_type": "",
                "storage_account_type": "Premium_LRS",
                "write_accelerator_enabled": false
              }
            ],
            "overprovision": true,
            "plan": [
              {
                "name": "9-lvm",
                "product": "rockylinux-x86_64",
                "publisher": "resf"
              }
            ],
            "platform_fault_domain_count": 5,
            "priority": "Regular",
            "provision_vm_agent": true,
            "proximity_placement_group_id": "",
            "resilient_vm_creation_enabled": false,
            "resilient_vm_deletion_enabled": false,
            "resource_group_name": "04-t1-www-rg",
            "rolling_upgrade_policy": [
              {
                "cross_zone_upgrades_enabled": false,
                "max_batch_instance_percent": 20,
                "max_unhealthy_instance_percent": 20,
                "max_unhealthy_upgraded_instance_percent": 5,
                "maximum_surge_instances_enabled": false,
                "pause_time_between_batches": "PT0S",
                "prioritize_unhealthy_instances_enabled": false
              }
            ],
            "scale_in": [],
            "secret": [],
            "secure_boot_enabled": false,
            "single_placement_group": true,
            "sku": "Standard_D2s_v3",
            "source_image_id": "/subscriptions/99b79efe-ebd6-468c-b39f-5669acb259e1/resourceGroups/04-t1-www-rg/providers/Microsoft.Compute/galleries/mygallery9fflyi/images/my-image/versions/1.0.0",
            "source_image_reference": [],
            "spot_restore": [],
            "tags": {
              "Environment": "Production",
              "ManagedBy": "Terraform",
              "Purpose": "WAS-Scale-Set"
            },
            "termination_notification": [],
            "timeouts": null,
            "unique_id": "bedc7967-2aae-41c4-82ef-ba78494e9556",
            "upgrade_mode": "Rolling",
            "user_data": "IyEvYmluL2Jhc2gKIyBXQVMgVk1TUyDstIjquLDtmZQg7Iqk7YGs66a97Yq4ICjrqbHrk7HshLEg67O07J6lKQojIOyekeyEseydvDogMjAyNS0xMS0zMAojIOuhnOq5hSDshKTsoJUKTE9HX0ZJTEU9Ii92YXIvbG9nL3dhc19pbml0LmxvZyIKZXhlYyA+PiAiJCRMT0dfRklMRSIgMj4mMQoKbG9nKCkgewogICAgZWNobyAiWyQoZGF0ZSAnKyVZLSVtLSVkICVIOiVNOiVTJyldICQkMSIKfQoKbG9nICI9PT09PT09PT09PT09PT09PT09PT09PT09PT09PT09PT09PT09PT09PT0iCmxvZyAiV0FTIFZNU1Mg7LSI6riw7ZmUIOyLnOyekSIKbG9nICI9PT09PT09PT09PT09PT09PT09PT09PT09PT09PT09PT09PT09PT09PT0iCgojIOyZhOujjCDtlIzrnpjqt7gg7YyM7J28IO2ZleyduCAo66mx65Ox7ISxKQpDT01QTEVURV9GTEFHPSIvdG1wL3dhc19pbml0X2NvbXBsZXRlLnR4dCIKaWYgWyAtZiAiJCRDT01QTEVURV9GTEFHIiBdOyB0aGVuCiAgICBpZiBycG0gLXEgaHR0cGQgPi9kZXYvbnVsbCAyPiYxOyB0aGVuCiAgICAgICAgbG9nICLstIjquLDtmZTqsIAg7J2066+4IOyZhOujjOuQmOyXiOycvOupsCBodHRwZOqwgCDshKTsuZjrkJjslrQg7J6I7Iq164uI64ukLiDsiqTtgrXtlanri4jri6QuIgogICAgICAgIGxvZyAi6riw7KG0IOyZhOujjCDsi5zqsIQ6ICQkKGNhdCAkJENPTVBMRVRFX0ZMQUcpIgogICAgICAgIGV4aXQgMAogICAgZWxzZQogICAgICAgIGxvZyAi7JmE66OMIO2UjOuemOq3uOqwgCDsobTsnqztlZjsp4Drp4wgaHR0cGTqsIAg7ISk7LmY65CY7KeAIOyViuyVmOyKteuLiOuLpC4g7J6s7Iuc64+E7ZWp64uI64ukLiIKICAgIGZpCmZpCgojIFNFTGludXgg67mE7Zmc7ISx7ZmUCmxvZyAiU0VMaW51eCDruYTtmZzshLHtmZQiCnNldGVuZm9yY2UgMCAyPi9kZXYvbnVsbCB8fCBsb2cgIlNFTGludXggYWxyZWFkeSBwZXJtaXNzaXZlIgpncnViYnkgLS11cGRhdGUta2VybmVsIEFMTCAtLWFyZ3Mgc2VsaW51eD0wIDI+L2Rldi9udWxsIHx8IGxvZyAiZ3J1YmJ5IOyEpOyglSDsiqTtgrUiCgojIOuwqe2ZlOuyvSDshKTsoJUKbG9nICLrsKntmZTrsr0g7ISk7KCVIC0gSFRUUCg4MCksIEhUVFBTKDQ0MyksIFNTSCgyMikg7Y+s7Yq4IO2XiOyaqSIKc3lzdGVtY3RsIGVuYWJsZSBmaXJld2FsbGQgMj4vZGV2L251bGwKc3lzdGVtY3RsIHN0YXJ0IGZpcmV3YWxsZCAyPi9kZXYvbnVsbApmaXJld2FsbC1jbWQgLS16b25lPXB1YmxpYyAtLWFkZC1zZXJ2aWNlPWh0dHAgLS1wZXJtYW5lbnQgMj4vZGV2L251bGwKZmlyZXdhbGwtY21kIC0tem9uZT1wdWJsaWMgLS1hZGQtc2VydmljZT1odHRwcyAtLXBlcm1hbmVudCAyPi9kZXYvbnVsbApmaXJld2FsbC1jbWQgLS16b25lPXB1YmxpYyAtLWFkZC1wb3J0PTIyL3RjcCAtLXBlcm1hbmVudCAyPi9kZXYvbnVsbApmaXJld2FsbC1jbWQgLS1yZWxvYWQgMj4vZGV2L251bGwKbG9nICLrsKntmZTrsr0g7ISk7KCVIOyZhOujjCIKCiMgRE5GIOy1nOygge2ZlApsb2cgIkRORiDshKTsoJUg7LWc7KCB7ZmUIgpjYXQgPj4gL2V0Yy9kbmYvZG5mLmNvbmYgPDxFT0YKdGltZW91dD0zMApyZXRyaWVzPTUKbWlucmF0ZT0xMDAwCmZhc3Rlc3RtaXJyb3I9VHJ1ZQptYXhfcGFyYWxsZWxfZG93bmxvYWRzPTEwCkVPRgoKIyBETkYg7LqQ7IucIOygleumrApsb2cgIkRORiDsupDsi5wg7KCV66asIOuwjyDrqZTtg4DrjbDsnbTthLAg6rCx7IugIgpkbmYgY2xlYW4gYWxsIDI+L2Rldi9udWxsCmRuZiBtYWtlY2FjaGUgLS1yZWZyZXNoIDI+L2Rldi9udWxsIHx8IGxvZyAi66mU7YOA642w7J207YSwIOqwseyLoCDsi6TtjKggKOustOyLnCkiCgojIGh0dHBk6rCAIOydtOuvuCDshKTsuZjrkJjslrQg7J6I64qU7KeAIO2ZleyduCAo66mx65Ox7ISxKQppZiBycG0gLXEgaHR0cGQgPi9kZXYvbnVsbCAyPiYxOyB0aGVuCiAgICBsb2cgImh0dHBk6rCAIOydtOuvuCDshKTsuZjrkJjslrQg7J6I7Iq164uI64ukLiDshKTsuZgg7Iqk7YK1IgogICAgSFRUUERfSU5TVEFMTEVEPXRydWUKZWxzZQogICAgSFRUUERfSU5TVEFMTEVEPWZhbHNlCiAgICBsb2cgImh0dHBkIOuwjyBQSFAg7Yyo7YKk7KeAIOyEpOy5mCDsi5zsnpEiCiAgICAKICAgICMg7J6s7Iuc64+EIOuhnOyngSDqsJXtmZQgKDXtmowg7Iuc64+ELCDsp4DsiJgg67Cx7Jik7ZSEKQogICAgTUFYX1JFVFJJRVM9NQogICAgUkVUUllfQ09VTlQ9MAogICAgQkFDS09GRj01CiAgICAKICAgIGZvciBpIGluIDEgMiAzIDQgNTsgZG8KICAgICAgICBsb2cgIu2MqO2CpOyngCDshKTsuZgg7Iuc64+EICgkJGkvNSkiCiAgICAgICAgCiAgICAgICAgaWYgdGltZW91dCAzMDAgZG5mIGluc3RhbGwgLXkgaHR0cGQgcGhwIHBocC1teXNxbG5kOyB0aGVuCiAgICAgICAgICAgIGxvZyAi7Yyo7YKk7KeAIOyEpOy5mCDshLHqs7UhIgogICAgICAgICAgICBIVFRQRF9JTlNUQUxMRUQ9dHJ1ZQogICAgICAgICAgICBicmVhawogICAgICAgIGZpCiAgICAgICAgCiAgICAgICAgaWYgWyAkJGkgLWx0IDUgXTsgdGhlbgogICAgICAgICAgICBXQUlUX1RJTUU9MTAKICAgICAgICAgICAgbG9nICLtjKjtgqTsp4Ag7ISk7LmYIOyLpO2MqC4gJCRXQUlUX1RJTUXstIgg7ZuEIOyerOyLnOuPhC4uLiIKICAgICAgICAgICAgc2xlZXAgJCRXQUlUX1RJTUUKICAgICAgICAgICAgZG5mIGNsZWFuIGFsbCAyPi9kZXYvbnVsbAogICAgICAgIGZpCiAgICBkb25lCiAgICAKICAgIGlmIFsgIiQkSFRUUERfSU5TVEFMTEVEIiA9IGZhbHNlIF07IHRoZW4KICAgICAgICBsb2cgIu2MqO2CpOyngCDshKTsuZgg7LWc7KKFIOyLpO2MqC4g7Iuc7Iqk7YWcIO2MqO2CpOyngCDsoJXrs7Qg7ZmV7J24Li4uIgogICAgICAgIGRuZiByZXBvbGlzdCAyPiYxIHwgaGVhZCAtMjAKICAgICAgICBsb2cgIuuMgOyytCDrsKnrspUg7Iuc64+EOiDstZzshowg7Yyo7YKk7KeA66eMIOyEpOy5mCIKICAgICAgICBkbmYgaW5zdGFsbCAteSBodHRwZCB8fCBsb2cgImh0dHBkIOuLqOuPhSDshKTsuZjrj4Qg7Iuk7YyoIgogICAgZmkKZmkKCiMg7Ju5IOuUlOugie2EsOumrCDsg53shLEKbG9nICLsm7kg65SU66CJ7YSw66asIOyEpOyglSIKbWtkaXIgLXAgL3Zhci93d3cvaHRtbApjaG1vZCA3NTUgL3Zhci93d3cvaHRtbAoKIyDthYzsiqTtirgg7Y6Y7J207KeAIOyDneyEsSAo66mx65Ox7ISxKQpsb2cgIu2FjOyKpO2KuCDtjpjsnbTsp4Ag7IOd7ISxIgpTRVJWRVJfSE9TVE5BTUU9YGhvc3RuYW1lYAoKIyBpbmRleC5waHAKaWYgWyAhIC1mIC92YXIvd3d3L2h0bWwvaW5kZXgucGhwIF07IHRoZW4KICAgIGNhdCA+IC92YXIvd3d3L2h0bWwvaW5kZXgucGhwIDw8RU9GCjw/cGhwCmVjaG8gIjxoMT5XQVMgU2VydmVyOiAkJFNFUlZFUl9IT1NUTkFNRTwvaDE+IjsKZWNobyAiPHA+VGltZTogIiAuIGRhdGUoJ1ktbS1kIEg6aTpzJykgLiAiPC9wPiI7CmVjaG8gIjxwPlBIUCBWZXJzaW9uOiAiIC4gcGhwdmVyc2lvbigpIC4gIjwvcD4iOwplY2hvICI8aHI+IjsKZWNobyAiPGgyPlNlcnZlciBJbmZvPC9oMj4iOwplY2hvICI8cHJlPiI7CmVjaG8gIkhvc3RuYW1lOiAiIC4gZ2V0aG9zdG5hbWUoKSAuICJcXG4iOwplY2hvICJTZXJ2ZXIgSVA6ICIgLiBcJF9TRVJWRVJbJ1NFUlZFUl9BRERSJ10gLiAiXFxuIjsKZWNobyAiQ2xpZW50IElQOiAiIC4gXCRfU0VSVkVSWydSRU1PVEVfQUREUiddIC4gIlxcbiI7CmVjaG8gIjwvcHJlPiI7Cj8+CkVPRgogICAgbG9nICJpbmRleC5waHAg7IOd7ISxIOyZhOujjCIKZWxzZQogICAgbG9nICJpbmRleC5waHAg7J2066+4IOyhtOyerCAo7Iqk7YK1KSIKZmkKCiMgaW5kZXguaHRtbCAoRmFsbGJhY2spCmlmIFsgISAtZiAvdmFyL3d3dy9odG1sL2luZGV4Lmh0bWwgXTsgdGhlbgogICAgY2F0ID4gL3Zhci93d3cvaHRtbC9pbmRleC5odG1sIDw8RU9GCjwhRE9DVFlQRSBodG1sPgo8aHRtbD4KPGhlYWQ+PHRpdGxlPldBUyBTZXJ2ZXI8L3RpdGxlPjwvaGVhZD4KPGJvZHk+CiAgICA8aDE+V0FTIFNlcnZlciAoU3RhdGljKTogJCRTRVJWRVJfSE9TVE5BTUU8L2gxPgogICAgPHA+VGltZTogJCQoZGF0ZSAnKyVZLSVtLSVkICVIOiVNOiVTJyk8L3A+CiAgICA8cD5TdGF0dXM6IEFjdGl2ZTwvcD4KPC9ib2R5Pgo8L2h0bWw+CkVPRgogICAgbG9nICJpbmRleC5odG1sIOyDneyEsSDsmYTro4wiCmVsc2UKICAgIGxvZyAiaW5kZXguaHRtbCDsnbTrr7gg7KG07J6sICjsiqTtgrUpIgpmaQoKIyBIZWFsdGggY2hlY2sg7YyM7J28IOyDneyEsQpsb2cgIkhlYWx0aCBjaGVjayDtjIzsnbwg7IOd7ISxIgplY2hvICIkJFNFUlZFUl9IT1NUTkFNRSAtICQkKGRhdGUpIiA+IC92YXIvd3d3L2h0bWwvaGVhbHRoLmh0bWwKbG9nICJoZWFsdGguaHRtbCDsg53shLEg7JmE66OMOiAkJChjYXQgL3Zhci93d3cvaHRtbC9oZWFsdGguaHRtbCkiCgojIOybuSDrlJTroInthLDrpqwg6raM7ZWcIOyEpOyglQpsb2cgIuybuSDrlJTroInthLDrpqwg6raM7ZWcIOyEpOyglSIKY2hvd24gLVIgYXBhY2hlOmFwYWNoZSAvdmFyL3d3dy9odG1sIDI+L2Rldi9udWxsIHx8IGNob3duIC1SIHJvb3Q6cm9vdCAvdmFyL3d3dy9odG1sCmNobW9kIC1SIDc1NSAvdmFyL3d3dy9odG1sCmxvZyAi6raM7ZWcIOyEpOyglSDsmYTro4wiCgojIGh0dHBk6rCAIOyEpOy5mOuQmOyWtCDsnojsnYQg65WM66eMIOyEnOu5hOyKpCDsi5zsnpEKaWYgWyAiJCRIVFRQRF9JTlNUQUxMRUQiID0gdHJ1ZSBdIHx8IHJwbSAtcSBodHRwZCA+L2Rldi9udWxsIDI+JjE7IHRoZW4KICAgIGxvZyAiaHR0cGQg7ISc67mE7IqkIOyEpOyglSDrsI8g7Iuc7J6RIgogICAgCiAgICAjIEFwYWNoZSDshKTsoJUgLSBEaXJlY3RvcnlJbmRleCDrs4Dqsr0KICAgIGlmIFsgLWYgL2V0Yy9odHRwZC9jb25mL2h0dHBkLmNvbmYgXTsgdGhlbgogICAgICAgIHNlZCAtaSAncy9EaXJlY3RvcnlJbmRleCBpbmRleC5odG1sL0RpcmVjdG9yeUluZGV4IGluZGV4LnBocCBpbmRleC5odG1sL2cnIC9ldGMvaHR0cGQvY29uZi9odHRwZC5jb25mIDI+L2Rldi9udWxsCiAgICAgICAgbG9nICJEaXJlY3RvcnlJbmRleCDshKTsoJUg7JmE66OMIgogICAgZmkKICAgIAogICAgIyBodHRwZCDsi5zsnpEKICAgIHN5c3RlbWN0bCBlbmFibGUgaHR0cGQgMj4vZGV2L251bGwKICAgIHN5c3RlbWN0bCByZXN0YXJ0IGh0dHBkIDI+L2Rldi9udWxsCiAgICBzbGVlcCAzCiAgICAKICAgIGlmIHN5c3RlbWN0bCBpcy1hY3RpdmUgaHR0cGQgPi9kZXYvbnVsbCAyPiYxOyB0aGVuCiAgICAgICAgbG9nICJodHRwZCDshJzruYTsiqQg7KCV7IOBIOyLpO2WiSDspJEiCiAgICAgICAgc3lzdGVtY3RsIHN0YXR1cyBodHRwZCAtLW5vLXBhZ2VyIHwgaGVhZCAtMTAKICAgIGVsc2UKICAgICAgICBsb2cgImh0dHBkIOyEnOu5hOyKpCDsi5zsnpEg7Iuk7YyoLiDsg4Htg5wg7ZmV7J24OiIKICAgICAgICBzeXN0ZW1jdGwgc3RhdHVzIGh0dHBkIC0tbm8tcGFnZXIgMj4mMSB8IGhlYWQgLTIwCiAgICBmaQogICAgCiAgICAjIOuhnOy7rCDthYzsiqTtirgKICAgIGxvZyAi66Gc7LusIO2XrOyKpCDssrTtgawg7IiY7ZaJIgogICAgc2xlZXAgMgogICAgaWYgY3VybCAtSSBodHRwOi8vbG9jYWxob3N0L2hlYWx0aC5odG1sIDI+JjEgfCBncmVwIC1xICIyMDAgT0siOyB0aGVuCiAgICAgICAgbG9nICLinIUg66Gc7LusIO2XrOyKpCDssrTtgawg7ISx6rO1IgogICAgZWxzZQogICAgICAgIGxvZyAi4pqg77iPICDroZzsu6wg7Zes7IqkIOyytO2BrCDsi6TtjKguIGN1cmwg7Lac66ClOiIKICAgICAgICBjdXJsIC1JIGh0dHA6Ly9sb2NhbGhvc3QvaGVhbHRoLmh0bWwgMj4mMSB8IGhlYWQgLTEwCiAgICBmaQplbHNlCiAgICBsb2cgIuKaoO+4jyAgaHR0cGQg66+47ISk7LmYIOyDge2DnC4g7ISc67mE7IqkIOyLnOyekSDsiqTtgrUiCmZpCgojIOyZhOujjCDtkZzsi5wKbG9nICI9PT09PT09PT09PT09PT09PT09PT09PT09PT09PT09PT09PT09PT09PT0iCmxvZyAiV0FTIFZNU1Mg7LSI6riw7ZmUIOyZhOujjCIKbG9nICI9PT09PT09PT09PT09PT09PT09PT09PT09PT09PT09PT09PT09PT09PT0iCmRhdGUgPiAiJCRDT01QTEVURV9GTEFHIgpjaG1vZCA2NDQgIiQkQ09NUExFVEVfRkxBRyIKbG9nICLsmYTro4wg7ZSM656Y6re4IO2MjOydvCDsg53shLE6ICQkQ09NUExFVEVfRkxBRyIK",
            "vtpm_enabled": false,
            "zone_balance": false,
            "zones": [
              "1",
              "2"
            ]
          },
          "sensitive_attributes": [
            [
              {
                "type": "get_attr",
                "value": "admin_password"
              }
            ],
            [
              {
                "type": "get_attr",
                "value": "custom_data"
              }
            ],
            [
              {
                "type": "get_attr",
                "value": "user_data"
              }
            ]
          ],
          "identity_schema_version": 0,
          "private": "eyJlMmJmYjczMC1lY2FhLTExZTYtOGY4OC0zNDM2M2JjN2M0YzAiOnsiY3JlYXRlIjozNjAwMDAwMDAwMDAwLCJkZWxldGUiOjM2MDAwMDAwMDAwMDAsInJlYWQiOjMwMDAwMDAwMDAwMCwidXBkYXRlIjozNjAwMDAwMDAwMDAwfX0=",
          "dependencies": [
            "azurerm_resource_group.rg",
            "module.compute.azurerm_linux_virtual_machine.webvm",
            "module.compute.azurerm_network_interface.webvm_nic",
            "module.compute.azurerm_shared_image.image",
            "module.compute.azurerm_shared_image_gallery.gallery",
            "module.compute.azurerm_shared_image_version.version",
            "module.compute.azurerm_snapshot.snapshot",
            "module.compute.random_string.suffix",
            "module.database.azurerm_mysql_flexible_server.www_mysql",
            "module.database.azurerm_redis_cache.www_redis",
            "module.database.random_string.mysql_suffix",
            "module.database.random_string.redis_suffix",
            "module.network_central.azurerm_lb.was_lb",
            "module.network_central.azurerm_lb_backend_address_pool.was_backend_pool",
            "module.network_central.azurerm_lb_probe.was_probe",
            "module.network_central.azurerm_subnet.subnets",
            "module.network_central.azurerm_virtual_network.vnet",
            "module.storage.azurerm_storage_account.www_sa",
            "module.storage.random_string.sa_suffix"
          ]
        }
      ]
    },
    {
      "module": "module.compute",
      "mode": "managed",
      "type": "azurerm_monitor_autoscale_setting",
      "name": "vmss_autoscale",
      "provider": "provider[\"registry.terraform.io/hashicorp/azurerm\"]",
      "instances": [
        {
          "schema_version": 2,
          "attributes": {
            "enabled": true,
            "id": "/subscriptions/99b79efe-ebd6-468c-b39f-5669acb259e1/resourceGroups/04-t1-www-rg/providers/Microsoft.Insights/autoScaleSettings/vmss-autoscale",
            "location": "koreacentral",
            "name": "vmss-autoscale",
            "notification": [],
            "predictive": [],
            "profile": [
              {
                "capacity": [
                  {
                    "default": 2,
                    "maximum": 10,
                    "minimum": 2
                  }
                ],
                "fixed_date": [],
                "name": "defaultProfile",
                "recurrence": [],
                "rule": [
                  {
                    "metric_trigger": [
                      {
                        "dimensions": [],
                        "divide_by_instance_count": false,
                        "metric_name": "Percentage CPU",
                        "metric_namespace": "",
                        "metric_resource_id": "/subscriptions/99b79efe-ebd6-468c-b39f-5669acb259e1/resourceGroups/04-t1-www-rg/providers/Microsoft.Compute/virtualMachineScaleSets/web-vmss",
                        "operator": "GreaterThan",
                        "statistic": "Average",
                        "threshold": 70,
                        "time_aggregation": "Average",
                        "time_grain": "PT1M",
                        "time_window": "PT5M"
                      }
                    ],
                    "scale_action": [
                      {
                        "cooldown": "PT5M",
                        "direction": "Increase",
                        "type": "ChangeCount",
                        "value": 1
                      }
                    ]
                  },
                  {
                    "metric_trigger": [
                      {
                        "dimensions": [],
                        "divide_by_instance_count": false,
                        "metric_name": "Percentage CPU",
                        "metric_namespace": "",
                        "metric_resource_id": "/subscriptions/99b79efe-ebd6-468c-b39f-5669acb259e1/resourceGroups/04-t1-www-rg/providers/Microsoft.Compute/virtualMachineScaleSets/web-vmss",
                        "operator": "LessThan",
                        "statistic": "Average",
                        "threshold": 30,
                        "time_aggregation": "Average",
                        "time_grain": "PT1M",
                        "time_window": "PT10M"
                      }
                    ],
                    "scale_action": [
                      {
                        "cooldown": "PT10M",
                        "direction": "Decrease",
                        "type": "ChangeCount",
                        "value": 1
                      }
                    ]
                  }
                ]
              }
            ],
            "resource_group_name": "04-t1-www-rg",
            "tags": {
              "Environment": "Production",
              "ManagedBy": "Terraform",
              "Purpose": "Autoscale"
            },
            "target_resource_id": "/subscriptions/99b79efe-ebd6-468c-b39f-5669acb259e1/resourceGroups/04-t1-www-rg/providers/Microsoft.Compute/virtualMachineScaleSets/web-vmss",
            "timeouts": null
          },
          "sensitive_attributes": [],
          "identity_schema_version": 0,
          "private": "eyJlMmJmYjczMC1lY2FhLTExZTYtOGY4OC0zNDM2M2JjN2M0YzAiOnsiY3JlYXRlIjoxODAwMDAwMDAwMDAwLCJkZWxldGUiOjE4MDAwMDAwMDAwMDAsInJlYWQiOjMwMDAwMDAwMDAwMCwidXBkYXRlIjoxODAwMDAwMDAwMDAwfSwic2NoZW1hX3ZlcnNpb24iOiIyIn0=",
          "dependencies": [
            "azurerm_resource_group.rg",
            "module.compute.azurerm_linux_virtual_machine.webvm",
            "module.compute.azurerm_linux_virtual_machine_scale_set.vmss",
            "module.compute.azurerm_network_interface.webvm_nic",
            "module.compute.azurerm_shared_image.image",
            "module.compute.azurerm_shared_image_gallery.gallery",
            "module.compute.azurerm_shared_image_version.version",
            "module.compute.azurerm_snapshot.snapshot",
            "module.compute.random_string.suffix",
            "module.database.azurerm_mysql_flexible_server.www_mysql",
            "module.database.azurerm_redis_cache.www_redis",
            "module.database.random_string.mysql_suffix",
            "module.database.random_string.redis_suffix",
            "module.network_central.azurerm_lb.vmss_lb",
            "module.network_central.azurerm_lb.was_lb",
            "module.network_central.azurerm_lb_backend_address_pool.bpepool",
            "module.network_central.azurerm_lb_nat_pool.ssh_nat_pool",
            "module.network_central.azurerm_lb_probe.vmss_probe",
            "module.network_central.azurerm_public_ip.lb_pip",
            "module.network_central.azurerm_subnet.subnets",
            "module.network_central.azurerm_virtual_network.vnet",
            "module.storage.azurerm_storage_account.www_sa",
            "module.storage.random_string.sa_suffix"
          ]
        }
      ]
    },
    {
      "module": "module.compute",
      "mode": "managed",
      "type": "azurerm_network_interface",
      "name": "webvm_nic",
      "provider": "provider[\"registry.terraform.io/hashicorp/azurerm\"]",
      "instances": [
        {
          "schema_version": 0,
          "attributes": {
            "accelerated_networking_enabled": true,
            "applied_dns_servers": [],
            "auxiliary_mode": "",
            "auxiliary_sku": "",
            "dns_servers": [],
            "edge_zone": "",
            "id": "/subscriptions/99b79efe-ebd6-468c-b39f-5669acb259e1/resourceGroups/04-t1-www-rg/providers/Microsoft.Network/networkInterfaces/webvm-nic",
            "internal_dns_name_label": "",
            "internal_domain_name_suffix": "htuytgpwez3ehadxsqkugvuooc.syx.internal.cloudapp.net",
            "ip_configuration": [
              {
                "gateway_load_balancer_frontend_ip_configuration_id": "",
                "name": "internal",
                "primary": true,
                "private_ip_address": "192.168.2.6",
                "private_ip_address_allocation": "Dynamic",
                "private_ip_address_version": "IPv4",
                "public_ip_address_id": "",
                "subnet_id": "/subscriptions/99b79efe-ebd6-468c-b39f-5669acb259e1/resourceGroups/04-t1-www-rg/providers/Microsoft.Network/virtualNetworks/vnet0/subnets/www-web"
              }
            ],
            "ip_forwarding_enabled": false,
            "location": "koreacentral",
            "mac_address": "00-22-48-05-11-15",
            "name": "webvm-nic",
            "private_ip_address": "192.168.2.6",
            "private_ip_addresses": [
              "192.168.2.6"
            ],
            "resource_group_name": "04-t1-www-rg",
            "tags": {},
            "timeouts": null,
            "virtual_machine_id": "/subscriptions/99b79efe-ebd6-468c-b39f-5669acb259e1/resourceGroups/04-t1-www-rg/providers/Microsoft.Compute/virtualMachines/webvm"
          },
          "sensitive_attributes": [],
          "identity_schema_version": 0,
          "identity": {
            "name": "webvm-nic",
            "resource_group_name": "04-t1-www-rg",
            "subscription_id": "99b79efe-ebd6-468c-b39f-5669acb259e1"
          },
          "private": "eyJlMmJmYjczMC1lY2FhLTExZTYtOGY4OC0zNDM2M2JjN2M0YzAiOnsiY3JlYXRlIjoxODAwMDAwMDAwMDAwLCJkZWxldGUiOjE4MDAwMDAwMDAwMDAsInJlYWQiOjMwMDAwMDAwMDAwMCwidXBkYXRlIjoxODAwMDAwMDAwMDAwfX0=",
          "dependencies": [
            "azurerm_resource_group.rg",
            "module.network_central.azurerm_subnet.subnets",
            "module.network_central.azurerm_virtual_network.vnet"
          ]
        }
      ]
    },
    {
      "module": "module.compute",
      "mode": "managed",
      "type": "azurerm_recovery_services_vault",
      "name": "vault",
      "provider": "provider[\"registry.terraform.io/hashicorp/azurerm\"]",
      "instances": [
        {
          "schema_version": 0,
          "attributes": {
            "classic_vmware_replication_enabled": false,
            "cross_region_restore_enabled": false,
            "encryption": [],
            "id": "/subscriptions/99b79efe-ebd6-468c-b39f-5669acb259e1/resourceGroups/04-t1-www-rg/providers/Microsoft.RecoveryServices/vaults/www-recovery-vault",
            "identity": [],
            "immutability": "Disabled",
            "location": "koreacentral",
            "monitoring": [],
            "name": "www-recovery-vault",
            "public_network_access_enabled": true,
            "resource_group_name": "04-t1-www-rg",
            "sku": "Standard",
            "soft_delete_enabled": false,
            "storage_mode_type": "GeoRedundant",
            "tags": {},
            "timeouts": null
          },
          "sensitive_attributes": [],
          "identity_schema_version": 0,
          "private": "eyJlMmJmYjczMC1lY2FhLTExZTYtOGY4OC0zNDM2M2JjN2M0YzAiOnsiY3JlYXRlIjo3MjAwMDAwMDAwMDAwLCJkZWxldGUiOjE4MDAwMDAwMDAwMDAsInJlYWQiOjMwMDAwMDAwMDAwMCwidXBkYXRlIjozNjAwMDAwMDAwMDAwfX0=",
          "dependencies": [
            "azurerm_resource_group.rg"
          ]
        }
      ]
    },
    {
      "module": "module.compute",
      "mode": "managed",
      "type": "azurerm_shared_image",
      "name": "image",
      "provider": "provider[\"registry.terraform.io/hashicorp/azurerm\"]",
      "instances": [
        {
          "schema_version": 0,
          "attributes": {
            "accelerated_network_support_enabled": false,
            "architecture": "x64",
            "confidential_vm_enabled": false,
            "confidential_vm_supported": false,
            "description": "",
            "disk_controller_type_nvme_enabled": false,
            "disk_types_not_allowed": [],
            "end_of_life_date": null,
            "eula": "",
            "gallery_name": "mygallery9fflyi",
            "hibernation_enabled": false,
            "hyper_v_generation": "V2",
            "id": "/subscriptions/99b79efe-ebd6-468c-b39f-5669acb259e1/resourceGroups/04-t1-www-rg/providers/Microsoft.Compute/galleries/mygallery9fflyi/images/my-image",
            "identifier": [
              {
                "offer": "rockylinux-x86_64",
                "publisher": "resf",
                "sku": "9-lvm"
              }
            ],
            "location": "koreacentral",
            "max_recommended_memory_in_gb": 0,
            "max_recommended_vcpu_count": 0,
            "min_recommended_memory_in_gb": 0,
            "min_recommended_vcpu_count": 0,
            "name": "my-image",
            "os_type": "Linux",
            "privacy_statement_uri": "",
            "purchase_plan": [
              {
                "name": "9-lvm",
                "product": "rockylinux-x86_64",
                "publisher": "resf"
              }
            ],
            "release_note_uri": "",
            "resource_group_name": "04-t1-www-rg",
            "specialized": false,
            "tags": {},
            "timeouts": null,
            "trusted_launch_enabled": false,
            "trusted_launch_supported": false
          },
          "sensitive_attributes": [],
          "identity_schema_version": 0,
          "identity": {
            "gallery_name": "mygallery9fflyi",
            "name": "my-image",
            "resource_group_name": "04-t1-www-rg",
            "subscription_id": "99b79efe-ebd6-468c-b39f-5669acb259e1"
          },
          "private": "eyJlMmJmYjczMC1lY2FhLTExZTYtOGY4OC0zNDM2M2JjN2M0YzAiOnsiY3JlYXRlIjoxODAwMDAwMDAwMDAwLCJkZWxldGUiOjE4MDAwMDAwMDAwMDAsInJlYWQiOjMwMDAwMDAwMDAwMCwidXBkYXRlIjoxODAwMDAwMDAwMDAwfX0=",
          "dependencies": [
            "azurerm_resource_group.rg",
            "module.compute.azurerm_shared_image_gallery.gallery",
            "module.compute.random_string.suffix"
          ]
        }
      ]
    },
    {
      "module": "module.compute",
      "mode": "managed",
      "type": "azurerm_shared_image_gallery",
      "name": "gallery",
      "provider": "provider[\"registry.terraform.io/hashicorp/azurerm\"]",
      "instances": [
        {
          "schema_version": 0,
          "attributes": {
            "description": "",
            "id": "/subscriptions/99b79efe-ebd6-468c-b39f-5669acb259e1/resourceGroups/04-t1-www-rg/providers/Microsoft.Compute/galleries/mygallery9fflyi",
            "location": "koreacentral",
            "name": "mygallery9fflyi",
            "resource_group_name": "04-t1-www-rg",
            "sharing": [],
            "tags": {},
            "timeouts": null,
            "unique_name": "99b79efe-ebd6-468c-b39f-5669acb259e1-MYGALLERY9FFLYI"
          },
          "sensitive_attributes": [],
          "identity_schema_version": 0,
          "identity": {
            "name": "mygallery9fflyi",
            "resource_group_name": "04-t1-www-rg",
            "subscription_id": "99b79efe-ebd6-468c-b39f-5669acb259e1"
          },
          "private": "eyJlMmJmYjczMC1lY2FhLTExZTYtOGY4OC0zNDM2M2JjN2M0YzAiOnsiY3JlYXRlIjoxODAwMDAwMDAwMDAwLCJkZWxldGUiOjE4MDAwMDAwMDAwMDAsInJlYWQiOjMwMDAwMDAwMDAwMCwidXBkYXRlIjoxODAwMDAwMDAwMDAwfX0=",
          "dependencies": [
            "azurerm_resource_group.rg",
            "module.compute.random_string.suffix"
          ]
        }
      ]
    },
    {
      "module": "module.compute",
      "mode": "managed",
      "type": "azurerm_shared_image_version",
      "name": "version",
      "provider": "provider[\"registry.terraform.io/hashicorp/azurerm\"]",
      "instances": [
        {
          "schema_version": 0,
          "attributes": {
            "blob_uri": "",
            "deletion_of_replicated_locations_enabled": false,
            "end_of_life_date": null,
            "exclude_from_latest": false,
            "gallery_name": "mygallery9fflyi",
            "id": "/subscriptions/99b79efe-ebd6-468c-b39f-5669acb259e1/resourceGroups/04-t1-www-rg/providers/Microsoft.Compute/galleries/mygallery9fflyi/images/my-image/versions/1.0.0",
            "image_name": "my-image",
            "location": "koreacentral",
            "managed_image_id": null,
            "name": "1.0.0",
            "os_disk_snapshot_id": "/subscriptions/99b79efe-ebd6-468c-b39f-5669acb259e1/resourceGroups/04-t1-www-rg/providers/Microsoft.Compute/snapshots/webvm-snapshot",
            "replication_mode": "Full",
            "resource_group_name": "04-t1-www-rg",
            "storage_account_id": "",
            "tags": {},
            "target_region": [
              {
                "disk_encryption_set_id": "",
                "exclude_from_latest_enabled": false,
                "name": "koreacentral",
                "regional_replica_count": 1,
                "storage_account_type": "Standard_LRS"
              }
            ],
            "timeouts": null
          },
          "sensitive_attributes": [],
          "identity_schema_version": 0,
          "private": "eyJlMmJmYjczMC1lY2FhLTExZTYtOGY4OC0zNDM2M2JjN2M0YzAiOnsiY3JlYXRlIjoxODAwMDAwMDAwMDAwLCJkZWxldGUiOjE4MDAwMDAwMDAwMDAsInJlYWQiOjMwMDAwMDAwMDAwMCwidXBkYXRlIjoxODAwMDAwMDAwMDAwfX0=",
          "dependencies": [
            "azurerm_resource_group.rg",
            "module.compute.azurerm_linux_virtual_machine.webvm",
            "module.compute.azurerm_network_interface.webvm_nic",
            "module.compute.azurerm_shared_image.image",
            "module.compute.azurerm_shared_image_gallery.gallery",
            "module.compute.azurerm_snapshot.snapshot",
            "module.compute.random_string.suffix",
            "module.database.azurerm_mysql_flexible_server.www_mysql",
            "module.database.azurerm_redis_cache.www_redis",
            "module.database.random_string.mysql_suffix",
            "module.database.random_string.redis_suffix",
            "module.network_central.azurerm_subnet.subnets",
            "module.network_central.azurerm_virtual_network.vnet",
            "module.storage.azurerm_storage_account.www_sa",
            "module.storage.random_string.sa_suffix"
          ]
        }
      ]
    },
    {
      "module": "module.compute",
      "mode": "managed",
      "type": "azurerm_snapshot",
      "name": "snapshot",
      "provider": "provider[\"registry.terraform.io/hashicorp/azurerm\"]",
      "instances": [
        {
          "schema_version": 1,
          "attributes": {
            "create_option": "Copy",
            "disk_access_id": "",
            "disk_size_gb": 10,
            "encryption_settings": [],
            "id": "/subscriptions/99b79efe-ebd6-468c-b39f-5669acb259e1/resourceGroups/04-t1-www-rg/providers/Microsoft.Compute/snapshots/webvm-snapshot",
            "incremental_enabled": false,
            "location": "koreacentral",
            "name": "webvm-snapshot",
            "network_access_policy": "AllowAll",
            "public_network_access_enabled": true,
            "resource_group_name": "04-t1-www-rg",
            "source_resource_id": null,
            "source_uri": "/subscriptions/99b79efe-ebd6-468c-b39f-5669acb259e1/resourceGroups/04-t1-www-rg/providers/Microsoft.Compute/disks/webvm_OsDisk_1_58b41d1d8f6545e8b52341e861b2aebe",
            "storage_account_id": "",
            "tags": {},
            "timeouts": null,
            "trusted_launch_enabled": false
          },
          "sensitive_attributes": [],
          "identity_schema_version": 0,
          "private": "eyJlMmJmYjczMC1lY2FhLTExZTYtOGY4OC0zNDM2M2JjN2M0YzAiOnsiY3JlYXRlIjoxODAwMDAwMDAwMDAwLCJkZWxldGUiOjE4MDAwMDAwMDAwMDAsInJlYWQiOjMwMDAwMDAwMDAwMCwidXBkYXRlIjoxODAwMDAwMDAwMDAwfSwic2NoZW1hX3ZlcnNpb24iOiIxIn0=",
          "dependencies": [
            "azurerm_resource_group.rg",
            "module.compute.azurerm_linux_virtual_machine.webvm",
            "module.compute.azurerm_network_interface.webvm_nic",
            "module.database.azurerm_mysql_flexible_server.www_mysql",
            "module.database.azurerm_redis_cache.www_redis",
            "module.database.random_string.mysql_suffix",
            "module.database.random_string.redis_suffix",
            "module.network_central.azurerm_subnet.subnets",
            "module.network_central.azurerm_virtual_network.vnet",
            "module.storage.azurerm_storage_account.www_sa",
            "module.storage.random_string.sa_suffix"
          ]
        }
      ]
    },
    {
      "module": "module.compute",
      "mode": "managed",
      "type": "random_string",
      "name": "aci_suffix",
      "provider": "provider[\"registry.terraform.io/hashicorp/random\"]",
      "instances": [
        {
          "schema_version": 2,
          "attributes": {
            "id": "03d3qq",
            "keepers": null,
            "length": 6,
            "lower": true,
            "min_lower": 0,
            "min_numeric": 0,
            "min_special": 0,
            "min_upper": 0,
            "number": true,
            "numeric": true,
            "override_special": null,
            "result": "03d3qq",
            "special": false,
            "upper": false
          },
          "sensitive_attributes": [],
          "identity_schema_version": 0
        }
      ]
    },
    {
      "module": "module.compute",
      "mode": "managed",
      "type": "random_string",
      "name": "suffix",
      "provider": "provider[\"registry.terraform.io/hashicorp/random\"]",
      "instances": [
        {
          "schema_version": 2,
          "attributes": {
            "id": "9fflyi",
            "keepers": null,
            "length": 6,
            "lower": true,
            "min_lower": 0,
            "min_numeric": 0,
            "min_special": 0,
            "min_upper": 0,
            "number": true,
            "numeric": true,
            "override_special": null,
            "result": "9fflyi",
            "special": false,
            "upper": false
          },
          "sensitive_attributes": [],
          "identity_schema_version": 0
        }
      ]
    },
    {
      "module": "module.container_registry",
      "mode": "managed",
      "type": "azurerm_container_registry",
      "name": "main",
      "provider": "provider[\"registry.terraform.io/hashicorp/azurerm\"]",
      "instances": [
        {
          "schema_version": 2,
          "attributes": {
            "admin_enabled": false,
            "admin_password": "",
            "admin_username": "",
            "anonymous_pull_enabled": false,
            "data_endpoint_enabled": false,
            "data_endpoint_host_names": [
              "wwwacripn9.koreacentral.data.azurecr.io"
            ],
            "encryption": [],
            "export_policy_enabled": true,
            "georeplications": [],
            "id": "/subscriptions/99b79efe-ebd6-468c-b39f-5669acb259e1/resourceGroups/04-t1-www-rg/providers/Microsoft.ContainerRegistry/registries/wwwacripn9",
            "identity": [
              {
                "identity_ids": [],
                "principal_id": "bcd2b773-c127-4c88-b05c-bd64ac959b2f",
                "tenant_id": "548e9ef4-b1d5-48fa-b220-59f52d6db511",
                "type": "SystemAssigned"
              }
            ],
            "location": "koreacentral",
            "login_server": "wwwacripn9.azurecr.io",
            "name": "wwwacripn9",
            "network_rule_bypass_option": "AzureServices",
            "network_rule_set": [
              {
                "default_action": "Deny",
                "ip_rule": []
              }
            ],
            "public_network_access_enabled": true,
            "quarantine_policy_enabled": false,
            "resource_group_name": "04-t1-www-rg",
            "retention_policy_in_days": 0,
            "sku": "Premium",
            "tags": {
              "Environment": "Production",
              "ManagedBy": "Terraform",
              "Purpose": "Container-Registry"
            },
            "timeouts": null,
            "trust_policy_enabled": false,
            "zone_redundancy_enabled": true
          },
          "sensitive_attributes": [
            [
              {
                "type": "get_attr",
                "value": "admin_password"
              }
            ]
          ],
          "identity_schema_version": 0,
          "private": "eyJlMmJmYjczMC1lY2FhLTExZTYtOGY4OC0zNDM2M2JjN2M0YzAiOnsiY3JlYXRlIjoxODAwMDAwMDAwMDAwLCJkZWxldGUiOjE4MDAwMDAwMDAwMDAsInJlYWQiOjMwMDAwMDAwMDAwMCwidXBkYXRlIjoxODAwMDAwMDAwMDAwfSwic2NoZW1hX3ZlcnNpb24iOiIyIn0=",
          "dependencies": [
            "azurerm_resource_group.rg",
            "module.container_registry.random_string.acr_suffix"
          ]
        }
      ]
    },
    {
      "module": "module.container_registry",
      "mode": "managed",
      "type": "azurerm_private_endpoint",
      "name": "acr",
      "provider": "provider[\"registry.terraform.io/hashicorp/azurerm\"]",
      "instances": [
        {
          "schema_version": 0,
          "attributes": {
            "custom_dns_configs": [
              {
                "fqdn": "wwwacripn9.koreacentral.data.azurecr.io",
                "ip_addresses": [
                  "192.168.2.4"
                ]
              },
              {
                "fqdn": "wwwacripn9.azurecr.io",
                "ip_addresses": [
                  "192.168.2.5"
                ]
              }
            ],
            "custom_network_interface_name": "",
            "id": "/subscriptions/99b79efe-ebd6-468c-b39f-5669acb259e1/resourceGroups/04-t1-www-rg/providers/Microsoft.Network/privateEndpoints/acr-private-endpoint",
            "ip_configuration": [],
            "location": "koreacentral",
            "name": "acr-private-endpoint",
            "network_interface": [
              {
                "id": "/subscriptions/99b79efe-ebd6-468c-b39f-5669acb259e1/resourceGroups/04-t1-www-rg/providers/Microsoft.Network/networkInterfaces/acr-private-endpoint.nic.958d72db-9618-4ab5-a147-3fef40e8cabe",
                "name": "acr-private-endpoint.nic.958d72db-9618-4ab5-a147-3fef40e8cabe"
              }
            ],
            "private_dns_zone_configs": [],
            "private_dns_zone_group": [],
            "private_service_connection": [
              {
                "is_manual_connection": false,
                "name": "acr-privatelink",
                "private_connection_resource_alias": "",
                "private_connection_resource_id": "/subscriptions/99b79efe-ebd6-468c-b39f-5669acb259e1/resourceGroups/04-t1-www-rg/providers/Microsoft.ContainerRegistry/registries/wwwacripn9",
                "private_ip_address": "192.168.2.4",
                "request_message": "",
                "subresource_names": [
                  "registry"
                ]
              }
            ],
            "resource_group_name": "04-t1-www-rg",
            "subnet_id": "/subscriptions/99b79efe-ebd6-468c-b39f-5669acb259e1/resourceGroups/04-t1-www-rg/providers/Microsoft.Network/virtualNetworks/vnet0/subnets/www-web",
            "tags": {},
            "timeouts": null
          },
          "sensitive_attributes": [],
          "identity_schema_version": 0,
          "identity": {
            "name": "acr-private-endpoint",
            "resource_group_name": "04-t1-www-rg",
            "subscription_id": "99b79efe-ebd6-468c-b39f-5669acb259e1"
          },
          "private": "eyJlMmJmYjczMC1lY2FhLTExZTYtOGY4OC0zNDM2M2JjN2M0YzAiOnsiY3JlYXRlIjozNjAwMDAwMDAwMDAwLCJkZWxldGUiOjM2MDAwMDAwMDAwMDAsInJlYWQiOjMwMDAwMDAwMDAwMCwidXBkYXRlIjozNjAwMDAwMDAwMDAwfX0=",
          "dependencies": [
            "azurerm_resource_group.rg",
            "module.container_registry.azurerm_container_registry.main",
            "module.container_registry.random_string.acr_suffix",
            "module.network_central.azurerm_subnet.subnets",
            "module.network_central.azurerm_virtual_network.vnet"
          ]
        }
      ]
    },
    {
      "module": "module.container_registry",
      "mode": "managed",
      "type": "random_string",
      "name": "acr_suffix",
      "provider": "provider[\"registry.terraform.io/hashicorp/random\"]",
      "instances": [
        {
          "schema_version": 2,
          "attributes": {
            "id": "ipn9",
            "keepers": null,
            "length": 4,
            "lower": true,
            "min_lower": 0,
            "min_numeric": 0,
            "min_special": 0,
            "min_upper": 0,
            "number": true,
            "numeric": true,
            "override_special": null,
            "result": "ipn9",
            "special": false,
            "upper": false
          },
          "sensitive_attributes": [],
          "identity_schema_version": 0
        }
      ]
    },
    {
      "module": "module.database",
      "mode": "managed",
      "type": "azurerm_cosmosdb_account",
      "name": "cosmos",
      "provider": "provider[\"registry.terraform.io/hashicorp/azurerm\"]",
      "instances": [
        {
          "schema_version": 1,
          "attributes": {
            "access_key_metadata_writes_enabled": true,
            "analytical_storage": [
              {
                "schema_type": "WellDefined"
              }
            ],
            "analytical_storage_enabled": false,
            "automatic_failover_enabled": true,
            "backup": [
              {
                "interval_in_minutes": 240,
                "retention_in_hours": 720,
                "storage_redundancy": "Geo",
                "tier": "",
                "type": "Periodic"
              }
            ],
            "burst_capacity_enabled": false,
            "capabilities": [],
            "capacity": [],
            "consistency_policy": [
              {
                "consistency_level": "Session",
                "max_interval_in_seconds": 5,
                "max_staleness_prefix": 100
              }
            ],
            "cors_rule": [],
            "create_mode": "",
            "default_identity_type": "FirstPartyIdentity",
            "endpoint": "https://www-cosmos-df3dj3.documents.azure.com:443/",
            "free_tier_enabled": false,
            "geo_location": [
              {
                "failover_priority": 0,
                "id": "www-cosmos-df3dj3-koreacentral",
                "location": "koreacentral",
                "zone_redundant": true
              }
            ],
            "id": "/subscriptions/99b79efe-ebd6-468c-b39f-5669acb259e1/resourceGroups/04-t1-www-rg/providers/Microsoft.DocumentDB/databaseAccounts/www-cosmos-df3dj3",
            "identity": [],
            "ip_range_filter": [],
            "is_virtual_network_filter_enabled": false,
            "key_vault_key_id": null,
            "kind": "GlobalDocumentDB",
            "local_authentication_disabled": false,
            "location": "koreacentral",
            "managed_hsm_key_id": null,
            "minimal_tls_version": "Tls12",
            "mongo_server_version": null,
            "multiple_write_locations_enabled": false,
            "name": "www-cosmos-df3dj3",
            "network_acl_bypass_for_azure_services": true,
            "network_acl_bypass_ids": [],
            "offer_type": "Standard",
            "partition_merge_enabled": false,
            "primary_key": "EPzGBlzpmXRaEiPeGNuUO7WQIQGRAB3caYP9qcRIdGrzag9yvxt4z5ibhpXpIZcz15kWFhFo7iXAACDb8HePNw==",
            "primary_mongodb_connection_string": null,
            "primary_readonly_key": "ZWtB5t2p97dcavxSMPW2O0XWlmpyXAMYdrSIAqT9BwAQQoVubTgY3KEsQwdhqGD6f9HdvWYpJmvvACDbk9827w==",
            "primary_readonly_mongodb_connection_string": null,
            "primary_readonly_sql_connection_string": "AccountEndpoint=https://www-cosmos-df3dj3.documents.azure.com:443/;AccountKey=ZWtB5t2p97dcavxSMPW2O0XWlmpyXAMYdrSIAqT9BwAQQoVubTgY3KEsQwdhqGD6f9HdvWYpJmvvACDbk9827w==;",
            "primary_sql_connection_string": "AccountEndpoint=https://www-cosmos-df3dj3.documents.azure.com:443/;AccountKey=EPzGBlzpmXRaEiPeGNuUO7WQIQGRAB3caYP9qcRIdGrzag9yvxt4z5ibhpXpIZcz15kWFhFo7iXAACDb8HePNw==;",
            "public_network_access_enabled": true,
            "read_endpoints": [
              "https://www-cosmos-df3dj3-koreacentral.documents.azure.com:443/"
            ],
            "resource_group_name": "04-t1-www-rg",
            "restore": [],
            "secondary_key": "cIH33Pt8E8amyfXlcfLKL2xYTOUfLOJy1Njr4zN59K4uQR8tUtFTQq9N5yEpB0fcCZCceHf6mQBCACDbBqnKmA==",
            "secondary_mongodb_connection_string": null,
            "secondary_readonly_key": "x8GmcL7yItJvObQ5Zt2PLoPIpRUfQxM12MYb31UAnS0WYbCsRPSeloGzNyqjCyvIEFBpxuzStcZsACDbfLxLOw==",
            "secondary_readonly_mongodb_connection_string": null,
            "secondary_readonly_sql_connection_string": "AccountEndpoint=https://www-cosmos-df3dj3.documents.azure.com:443/;AccountKey=x8GmcL7yItJvObQ5Zt2PLoPIpRUfQxM12MYb31UAnS0WYbCsRPSeloGzNyqjCyvIEFBpxuzStcZsACDbfLxLOw==;",
            "secondary_sql_connection_string": "AccountEndpoint=https://www-cosmos-df3dj3.documents.azure.com:443/;AccountKey=cIH33Pt8E8amyfXlcfLKL2xYTOUfLOJy1Njr4zN59K4uQR8tUtFTQq9N5yEpB0fcCZCceHf6mQBCACDbBqnKmA==;",
            "tags": {
              "Environment": "Production",
              "ManagedBy": "Terraform",
              "Purpose": "Cosmos-DB"
            },
            "timeouts": null,
            "virtual_network_rule": [],
            "write_endpoints": [
              "https://www-cosmos-df3dj3-koreacentral.documents.azure.com:443/"
            ]
          },
          "sensitive_attributes": [
            [
              {
                "type": "get_attr",
                "value": "primary_key"
              }
            ],
            [
              {
                "type": "get_attr",
                "value": "primary_mongodb_connection_string"
              }
            ],
            [
              {
                "type": "get_attr",
                "value": "primary_readonly_key"
              }
            ],
            [
              {
                "type": "get_attr",
                "value": "primary_readonly_mongodb_connection_string"
              }
            ],
            [
              {
                "type": "get_attr",
                "value": "primary_readonly_sql_connection_string"
              }
            ],
            [
              {
                "type": "get_attr",
                "value": "primary_sql_connection_string"
              }
            ],
            [
              {
                "type": "get_attr",
                "value": "secondary_key"
              }
            ],
            [
              {
                "type": "get_attr",
                "value": "secondary_mongodb_connection_string"
              }
            ],
            [
              {
                "type": "get_attr",
                "value": "secondary_readonly_key"
              }
            ],
            [
              {
                "type": "get_attr",
                "value": "secondary_readonly_mongodb_connection_string"
              }
            ],
            [
              {
                "type": "get_attr",
                "value": "secondary_readonly_sql_connection_string"
              }
            ],
            [
              {
                "type": "get_attr",
                "value": "secondary_sql_connection_string"
              }
            ]
          ],
          "identity_schema_version": 0,
          "private": "eyJlMmJmYjczMC1lY2FhLTExZTYtOGY4OC0zNDM2M2JjN2M0YzAiOnsiY3JlYXRlIjoxMDgwMDAwMDAwMDAwMCwiZGVsZXRlIjoxMDgwMDAwMDAwMDAwMCwicmVhZCI6MzAwMDAwMDAwMDAwLCJ1cGRhdGUiOjEwODAwMDAwMDAwMDAwfSwic2NoZW1hX3ZlcnNpb24iOiIxIn0=",
          "dependencies": [
            "azurerm_resource_group.rg",
            "module.database.random_string.cosmos_suffix"
          ]
        }
      ]
    },
    {
      "module": "module.database",
      "mode": "managed",
      "type": "azurerm_cosmosdb_sql_container",
      "name": "example",
      "provider": "provider[\"registry.terraform.io/hashicorp/azurerm\"]",
      "instances": [
        {
          "schema_version": 1,
          "attributes": {
            "account_name": "www-cosmos-df3dj3",
            "analytical_storage_ttl": null,
            "autoscale_settings": [
              {
                "max_throughput": 4000
              }
            ],
            "conflict_resolution_policy": [
              {
                "conflict_resolution_path": "/_ts",
                "conflict_resolution_procedure": "",
                "mode": "LastWriterWins"
              }
            ],
            "database_name": "www-sql-db",
            "default_ttl": -1,
            "id": "/subscriptions/99b79efe-ebd6-468c-b39f-5669acb259e1/resourceGroups/04-t1-www-rg/providers/Microsoft.DocumentDB/databaseAccounts/www-cosmos-df3dj3/sqlDatabases/www-sql-db/containers/Items",
            "indexing_policy": [
              {
                "composite_index": [
                  {
                    "index": [
                      {
                        "order": "ascending",
                        "path": "/createdAt"
                      },
                      {
                        "order": "ascending",
                        "path": "/status"
                      }
                    ]
                  }
                ],
                "excluded_path": [
                  {
                    "path": "/_etag/?"
                  }
                ],
                "included_path": [
                  {
                    "path": "/*"
                  }
                ],
                "indexing_mode": "consistent",
                "spatial_index": [
                  {
                    "path": "/location/*",
                    "types": [
                      "LineString",
                      "MultiPolygon",
                      "Point",
                      "Polygon"
                    ]
                  }
                ]
              }
            ],
            "name": "Items",
            "partition_key_kind": "Hash",
            "partition_key_paths": [
              "/definition/id"
            ],
            "partition_key_version": null,
            "resource_group_name": "04-t1-www-rg",
            "throughput": 400,
            "timeouts": null,
            "unique_key": [
              {
                "paths": [
                  "/email"
                ]
              }
            ]
          },
          "sensitive_attributes": [],
          "identity_schema_version": 0,
          "private": "eyJlMmJmYjczMC1lY2FhLTExZTYtOGY4OC0zNDM2M2JjN2M0YzAiOnsiY3JlYXRlIjoxODAwMDAwMDAwMDAwLCJkZWxldGUiOjE4MDAwMDAwMDAwMDAsInJlYWQiOjMwMDAwMDAwMDAwMCwidXBkYXRlIjoxODAwMDAwMDAwMDAwfSwic2NoZW1hX3ZlcnNpb24iOiIxIn0=",
          "dependencies": [
            "azurerm_resource_group.rg",
            "module.database.azurerm_cosmosdb_account.cosmos",
            "module.database.azurerm_cosmosdb_sql_database.main",
            "module.database.random_string.cosmos_suffix"
          ]
        }
      ]
    },
    {
      "module": "module.database",
      "mode": "managed",
      "type": "azurerm_cosmosdb_sql_database",
      "name": "main",
      "provider": "provider[\"registry.terraform.io/hashicorp/azurerm\"]",
      "instances": [
        {
          "schema_version": 1,
          "attributes": {
            "account_name": "www-cosmos-df3dj3",
            "autoscale_settings": [],
            "id": "/subscriptions/99b79efe-ebd6-468c-b39f-5669acb259e1/resourceGroups/04-t1-www-rg/providers/Microsoft.DocumentDB/databaseAccounts/www-cosmos-df3dj3/sqlDatabases/www-sql-db",
            "name": "www-sql-db",
            "resource_group_name": "04-t1-www-rg",
            "throughput": 0,
            "timeouts": null
          },
          "sensitive_attributes": [],
          "identity_schema_version": 0,
          "private": "eyJlMmJmYjczMC1lY2FhLTExZTYtOGY4OC0zNDM2M2JjN2M0YzAiOnsiY3JlYXRlIjoxODAwMDAwMDAwMDAwLCJkZWxldGUiOjE4MDAwMDAwMDAwMDAsInJlYWQiOjMwMDAwMDAwMDAwMCwidXBkYXRlIjoxODAwMDAwMDAwMDAwfSwic2NoZW1hX3ZlcnNpb24iOiIxIn0=",
          "dependencies": [
            "azurerm_resource_group.rg",
            "module.database.azurerm_cosmosdb_account.cosmos",
            "module.database.random_string.cosmos_suffix"
          ]
        }
      ]
    },
    {
      "module": "module.database",
      "mode": "managed",
      "type": "azurerm_data_factory",
      "name": "www_adf",
      "provider": "provider[\"registry.terraform.io/hashicorp/azurerm\"]",
      "instances": [
        {
          "schema_version": 2,
          "attributes": {
            "customer_managed_key_id": "",
            "customer_managed_key_identity_id": "",
            "github_configuration": [],
            "global_parameter": [],
            "id": "/subscriptions/99b79efe-ebd6-468c-b39f-5669acb259e1/resourceGroups/04-t1-www-rg/providers/Microsoft.DataFactory/factories/www-adf-2092",
            "identity": [
              {
                "identity_ids": [],
                "principal_id": "c9e48a67-1949-4afc-8d42-31df1a403fda",
                "tenant_id": "548e9ef4-b1d5-48fa-b220-59f52d6db511",
                "type": "SystemAssigned"
              }
            ],
            "location": "koreacentral",
            "managed_virtual_network_enabled": true,
            "name": "www-adf-2092",
            "public_network_enabled": true,
            "purview_id": "",
            "resource_group_name": "04-t1-www-rg",
            "tags": {
              "purpose": "MySQL Backup Pipeline"
            },
            "timeouts": null,
            "vsts_configuration": []
          },
          "sensitive_attributes": [],
          "identity_schema_version": 0,
          "private": "eyJlMmJmYjczMC1lY2FhLTExZTYtOGY4OC0zNDM2M2JjN2M0YzAiOnsiY3JlYXRlIjoxODAwMDAwMDAwMDAwLCJkZWxldGUiOjE4MDAwMDAwMDAwMDAsInJlYWQiOjMwMDAwMDAwMDAwMCwidXBkYXRlIjoxODAwMDAwMDAwMDAwfSwic2NoZW1hX3ZlcnNpb24iOiIyIn0=",
          "dependencies": [
            "azurerm_resource_group.rg",
            "module.database.random_string.adf_suffix"
          ]
        }
      ]
    },
    {
      "module": "module.database",
      "mode": "managed",
      "type": "azurerm_data_factory_dataset_delimited_text",
      "name": "blob_dataset",
      "provider": "provider[\"registry.terraform.io/hashicorp/azurerm\"]",
      "instances": [
        {
          "schema_version": 0,
          "attributes": {
            "additional_properties": {},
            "annotations": [],
            "azure_blob_fs_location": [],
            "azure_blob_storage_location": [
              {
                "container": "mysql-backups",
                "dynamic_container_enabled": false,
                "dynamic_filename_enabled": false,
                "dynamic_path_enabled": false,
                "filename": "backup.csv",
                "path": ""
              }
            ],
            "column_delimiter": ",",
            "compression_codec": null,
            "compression_level": null,
            "data_factory_id": "/subscriptions/99b79efe-ebd6-468c-b39f-5669acb259e1/resourceGroups/04-t1-www-rg/providers/Microsoft.DataFactory/factories/www-adf-2092",
            "description": "",
            "encoding": "UTF-8",
            "escape_character": "\\",
            "first_row_as_header": true,
            "folder": null,
            "http_server_location": [],
            "id": "/subscriptions/99b79efe-ebd6-468c-b39f-5669acb259e1/resourceGroups/04-t1-www-rg/providers/Microsoft.DataFactory/factories/www-adf-2092/datasets/BlobBackupDataset",
            "linked_service_name": "BlobStorageDestination",
            "name": "BlobBackupDataset",
            "null_value": "",
            "parameters": {},
            "quote_character": "\"",
            "row_delimiter": "\n",
            "schema_column": [],
            "timeouts": null
          },
          "sensitive_attributes": [],
          "identity_schema_version": 0,
          "private": "eyJlMmJmYjczMC1lY2FhLTExZTYtOGY4OC0zNDM2M2JjN2M0YzAiOnsiY3JlYXRlIjoxODAwMDAwMDAwMDAwLCJkZWxldGUiOjE4MDAwMDAwMDAwMDAsInJlYWQiOjMwMDAwMDAwMDAwMCwidXBkYXRlIjoxODAwMDAwMDAwMDAwfX0=",
          "dependencies": [
            "azurerm_resource_group.rg",
            "module.database.azurerm_data_factory.www_adf",
            "module.database.azurerm_data_factory_linked_service_azure_blob_storage.blob_dest",
            "module.database.random_string.adf_suffix",
            "module.network_central.azurerm_subnet.subnets",
            "module.network_central.azurerm_virtual_network.vnet",
            "module.storage.azurerm_storage_account.www_sa",
            "module.storage.random_string.sa_suffix"
          ]
        }
      ]
    },
    {
      "module": "module.database",
      "mode": "managed",
      "type": "azurerm_data_factory_dataset_mysql",
      "name": "mysql_dataset",
      "provider": "provider[\"registry.terraform.io/hashicorp/azurerm\"]",
      "instances": [
        {
          "schema_version": 0,
          "attributes": {
            "additional_properties": {},
            "annotations": [],
            "data_factory_id": "/subscriptions/99b79efe-ebd6-468c-b39f-5669acb259e1/resourceGroups/04-t1-www-rg/providers/Microsoft.DataFactory/factories/www-adf-2092",
            "description": "",
            "folder": null,
            "id": "/subscriptions/99b79efe-ebd6-468c-b39f-5669acb259e1/resourceGroups/04-t1-www-rg/providers/Microsoft.DataFactory/factories/www-adf-2092/datasets/MySQLDataset",
            "linked_service_name": "MySQLSource",
            "name": "MySQLDataset",
            "parameters": {},
            "schema_column": [],
            "table_name": "",
            "timeouts": null
          },
          "sensitive_attributes": [],
          "identity_schema_version": 0,
          "private": "eyJlMmJmYjczMC1lY2FhLTExZTYtOGY4OC0zNDM2M2JjN2M0YzAiOnsiY3JlYXRlIjoxODAwMDAwMDAwMDAwLCJkZWxldGUiOjE4MDAwMDAwMDAwMDAsInJlYWQiOjMwMDAwMDAwMDAwMCwidXBkYXRlIjoxODAwMDAwMDAwMDAwfX0=",
          "dependencies": [
            "azurerm_resource_group.rg",
            "module.database.azurerm_data_factory.www_adf",
            "module.database.azurerm_data_factory_linked_custom_service.mysql_source",
            "module.database.azurerm_mysql_flexible_server.www_mysql",
            "module.database.random_string.adf_suffix",
            "module.database.random_string.mysql_suffix"
          ]
        }
      ]
    },
    {
      "module": "module.database",
      "mode": "managed",
      "type": "azurerm_data_factory_linked_custom_service",
      "name": "mysql_source",
      "provider": "provider[\"registry.terraform.io/hashicorp/azurerm\"]",
      "instances": [
        {
          "schema_version": 0,
          "attributes": {
            "additional_properties": {},
            "annotations": [],
            "data_factory_id": "/subscriptions/99b79efe-ebd6-468c-b39f-5669acb259e1/resourceGroups/04-t1-www-rg/providers/Microsoft.DataFactory/factories/www-adf-2092",
            "description": "",
            "id": "/subscriptions/99b79efe-ebd6-468c-b39f-5669acb259e1/resourceGroups/04-t1-www-rg/providers/Microsoft.DataFactory/factories/www-adf-2092/linkedservices/MySQLSource",
            "integration_runtime": [],
            "name": "MySQLSource",
            "parameters": {},
            "timeouts": null,
            "type": "AzureMySql",
            "type_properties_json": "{\"connectionString\":\"Server=www-mysql-server-1zhm.mysql.database.azure.com;Port=3306;Database=www_sql;Uid=www;Pwd=It12345!;SslMode=Required;\"}"
          },
          "sensitive_attributes": [
            [
              {
                "type": "get_attr",
                "value": "type_properties_json"
              }
            ]
          ],
          "identity_schema_version": 0,
          "private": "eyJlMmJmYjczMC1lY2FhLTExZTYtOGY4OC0zNDM2M2JjN2M0YzAiOnsiY3JlYXRlIjoxODAwMDAwMDAwMDAwLCJkZWxldGUiOjE4MDAwMDAwMDAwMDAsInJlYWQiOjMwMDAwMDAwMDAwMCwidXBkYXRlIjoxODAwMDAwMDAwMDAwfX0=",
          "dependencies": [
            "azurerm_resource_group.rg",
            "module.database.azurerm_data_factory.www_adf",
            "module.database.azurerm_mysql_flexible_server.www_mysql",
            "module.database.random_string.adf_suffix",
            "module.database.random_string.mysql_suffix"
          ]
        }
      ]
    },
    {
      "module": "module.database",
      "mode": "managed",
      "type": "azurerm_data_factory_linked_service_azure_blob_storage",
      "name": "blob_dest",
      "provider": "provider[\"registry.terraform.io/hashicorp/azurerm\"]",
      "instances": [
        {
          "schema_version": 0,
          "attributes": {
            "additional_properties": {},
            "annotations": [],
            "connection_string": "DefaultEndpointsProtocol=https;AccountName=wwwstoragehdxo;AccountKey=kXUWRxjV4MDuUcAK/M+9Zh74Z37gvLoV7Mm2IBtLczfVl7T5KHzz3XD0P95bqz6YKL+Qwt1lZIRj+AStKI7TNw==;EndpointSuffix=core.windows.net",
            "connection_string_insecure": null,
            "data_factory_id": "/subscriptions/99b79efe-ebd6-468c-b39f-5669acb259e1/resourceGroups/04-t1-www-rg/providers/Microsoft.DataFactory/factories/www-adf-2092",
            "description": "",
            "id": "/subscriptions/99b79efe-ebd6-468c-b39f-5669acb259e1/resourceGroups/04-t1-www-rg/providers/Microsoft.DataFactory/factories/www-adf-2092/linkedservices/BlobStorageDestination",
            "integration_runtime_name": null,
            "key_vault_sas_token": [],
            "name": "BlobStorageDestination",
            "parameters": {},
            "sas_uri": null,
            "service_endpoint": null,
            "service_principal_id": "",
            "service_principal_key": null,
            "service_principal_linked_key_vault_key": [],
            "storage_kind": "",
            "tenant_id": "",
            "timeouts": null,
            "use_managed_identity": false
          },
          "sensitive_attributes": [
            [
              {
                "type": "get_attr",
                "value": "connection_string"
              }
            ],
            [
              {
                "type": "get_attr",
                "value": "sas_uri"
              }
            ],
            [
              {
                "type": "get_attr",
                "value": "service_endpoint"
              }
            ]
          ],
          "identity_schema_version": 0,
          "private": "eyJlMmJmYjczMC1lY2FhLTExZTYtOGY4OC0zNDM2M2JjN2M0YzAiOnsiY3JlYXRlIjoxODAwMDAwMDAwMDAwLCJkZWxldGUiOjE4MDAwMDAwMDAwMDAsInJlYWQiOjMwMDAwMDAwMDAwMCwidXBkYXRlIjoxODAwMDAwMDAwMDAwfX0=",
          "dependencies": [
            "azurerm_resource_group.rg",
            "module.database.azurerm_data_factory.www_adf",
            "module.database.random_string.adf_suffix",
            "module.network_central.azurerm_subnet.subnets",
            "module.network_central.azurerm_virtual_network.vnet",
            "module.storage.azurerm_storage_account.www_sa",
            "module.storage.random_string.sa_suffix"
          ]
        }
      ]
    },
    {
      "module": "module.database",
      "mode": "managed",
      "type": "azurerm_data_factory_pipeline",
      "name": "mysql_backup",
      "provider": "provider[\"registry.terraform.io/hashicorp/azurerm\"]",
      "instances": [
        {
          "schema_version": 0,
          "attributes": {
            "activities_json": "[{\"inputs\":[{\"referenceName\":\"MySQLDataset\",\"type\":\"DatasetReference\"}],\"name\":\"CopyMySQLToBlob\",\"outputs\":[{\"referenceName\":\"BlobBackupDataset\",\"type\":\"DatasetReference\"}],\"type\":\"Copy\",\"typeProperties\":{\"enableStaging\":false,\"sink\":{\"storeSettings\":{\"Type\":\"\",\"Values\":null},\"type\":\"DelimitedTextSink\"},\"source\":{\"query\":\"SELECT * FROM information_schema.tables\",\"type\":\"MySqlSource\"}}}]",
            "annotations": [],
            "concurrency": 0,
            "data_factory_id": "/subscriptions/99b79efe-ebd6-468c-b39f-5669acb259e1/resourceGroups/04-t1-www-rg/providers/Microsoft.DataFactory/factories/www-adf-2092",
            "description": "Daily MySQL backup to Blob Storage",
            "folder": null,
            "id": "/subscriptions/99b79efe-ebd6-468c-b39f-5669acb259e1/resourceGroups/04-t1-www-rg/providers/Microsoft.DataFactory/factories/www-adf-2092/pipelines/MySQLDailyBackup",
            "moniter_metrics_after_duration": "",
            "name": "MySQLDailyBackup",
            "parameters": {},
            "timeouts": null,
            "variables": {}
          },
          "sensitive_attributes": [],
          "identity_schema_version": 0,
          "private": "eyJlMmJmYjczMC1lY2FhLTExZTYtOGY4OC0zNDM2M2JjN2M0YzAiOnsiY3JlYXRlIjoxODAwMDAwMDAwMDAwLCJkZWxldGUiOjE4MDAwMDAwMDAwMDAsInJlYWQiOjMwMDAwMDAwMDAwMCwidXBkYXRlIjoxODAwMDAwMDAwMDAwfX0=",
          "dependencies": [
            "azurerm_resource_group.rg",
            "module.database.azurerm_data_factory.www_adf",
            "module.database.azurerm_data_factory_dataset_delimited_text.blob_dataset",
            "module.database.azurerm_data_factory_dataset_mysql.mysql_dataset",
            "module.database.azurerm_data_factory_linked_custom_service.mysql_source",
            "module.database.azurerm_data_factory_linked_service_azure_blob_storage.blob_dest",
            "module.database.azurerm_mysql_flexible_server.www_mysql",
            "module.database.random_string.adf_suffix",
            "module.database.random_string.mysql_suffix",
            "module.network_central.azurerm_subnet.subnets",
            "module.network_central.azurerm_virtual_network.vnet",
            "module.storage.azurerm_storage_account.www_sa",
            "module.storage.random_string.sa_suffix"
          ]
        }
      ]
    },
    {
      "module": "module.database",
      "mode": "managed",
      "type": "azurerm_data_factory_trigger_schedule",
      "name": "daily_backup_trigger",
      "provider": "provider[\"registry.terraform.io/hashicorp/azurerm\"]",
      "instances": [
        {
          "schema_version": 0,
          "attributes": {
            "activated": true,
            "annotations": [],
            "data_factory_id": "/subscriptions/99b79efe-ebd6-468c-b39f-5669acb259e1/resourceGroups/04-t1-www-rg/providers/Microsoft.DataFactory/factories/www-adf-2092",
            "description": "",
            "end_time": null,
            "frequency": "Day",
            "id": "/subscriptions/99b79efe-ebd6-468c-b39f-5669acb259e1/resourceGroups/04-t1-www-rg/providers/Microsoft.DataFactory/factories/www-adf-2092/triggers/DailyBackupTrigger",
            "interval": 1,
            "name": "DailyBackupTrigger",
            "pipeline": [
              {
                "name": "MySQLDailyBackup",
                "parameters": {}
              }
            ],
            "pipeline_name": "MySQLDailyBackup",
            "pipeline_parameters": {},
            "schedule": [
              {
                "days_of_month": [],
                "days_of_week": [],
                "hours": [
                  2
                ],
                "minutes": [
                  0
                ],
                "monthly": []
              }
            ],
            "start_time": "2025-11-25T02:00:00Z",
            "time_zone": "",
            "timeouts": null
          },
          "sensitive_attributes": [],
          "identity_schema_version": 0,
          "private": "eyJlMmJmYjczMC1lY2FhLTExZTYtOGY4OC0zNDM2M2JjN2M0YzAiOnsiY3JlYXRlIjoxODAwMDAwMDAwMDAwLCJkZWxldGUiOjE4MDAwMDAwMDAwMDAsInJlYWQiOjMwMDAwMDAwMDAwMCwidXBkYXRlIjoxODAwMDAwMDAwMDAwfX0=",
          "dependencies": [
            "azurerm_resource_group.rg",
            "module.database.azurerm_data_factory.www_adf",
            "module.database.azurerm_data_factory_dataset_delimited_text.blob_dataset",
            "module.database.azurerm_data_factory_dataset_mysql.mysql_dataset",
            "module.database.azurerm_data_factory_linked_custom_service.mysql_source",
            "module.database.azurerm_data_factory_linked_service_azure_blob_storage.blob_dest",
            "module.database.azurerm_data_factory_pipeline.mysql_backup",
            "module.database.azurerm_mysql_flexible_server.www_mysql",
            "module.database.random_string.adf_suffix",
            "module.database.random_string.mysql_suffix",
            "module.network_central.azurerm_subnet.subnets",
            "module.network_central.azurerm_virtual_network.vnet",
            "module.storage.azurerm_storage_account.www_sa",
            "module.storage.random_string.sa_suffix"
          ]
        }
      ]
    },
    {
      "module": "module.database",
      "mode": "managed",
      "type": "azurerm_log_analytics_workspace",
      "name": "log",
      "provider": "provider[\"registry.terraform.io/hashicorp/azurerm\"]",
      "instances": [
        {
          "schema_version": 3,
          "attributes": {
            "allow_resource_only_permissions": true,
            "cmk_for_query_forced": false,
            "daily_quota_gb": 10,
            "data_collection_rule_id": "",
            "id": "/subscriptions/99b79efe-ebd6-468c-b39f-5669acb259e1/resourceGroups/04-t1-www-rg/providers/Microsoft.OperationalInsights/workspaces/www-log-analytics",
            "identity": [],
            "immediate_data_purge_on_30_days_enabled": false,
            "internet_ingestion_enabled": true,
            "internet_query_enabled": true,
            "local_authentication_disabled": false,
            "local_authentication_enabled": true,
            "location": "koreacentral",
            "name": "www-log-analytics",
            "primary_shared_key": "u5yeUsnJv2DqS5mxn01gIkzqcZgjAbqvgXfJdTIypFdwandPsqufio57LesMufZCJ4QD8cRuHagEn2AizFOA+A==",
            "reservation_capacity_in_gb_per_day": null,
            "resource_group_name": "04-t1-www-rg",
            "retention_in_days": 90,
            "secondary_shared_key": "UFqqV9NJIElFqdkAJu4w04cgBgL4LpUksKzagqUM62e5988eO0BT8mveEuHodXmnP0yTTj4I294kEe7LFrggkw==",
            "sku": "PerGB2018",
            "tags": {},
            "timeouts": null,
            "workspace_id": "84421324-a114-43fd-9d85-3a976d145ef9"
          },
          "sensitive_attributes": [
            [
              {
                "type": "get_attr",
                "value": "primary_shared_key"
              }
            ],
            [
              {
                "type": "get_attr",
                "value": "secondary_shared_key"
              }
            ]
          ],
          "identity_schema_version": 0,
          "private": "eyJlMmJmYjczMC1lY2FhLTExZTYtOGY4OC0zNDM2M2JjN2M0YzAiOnsiY3JlYXRlIjoxODAwMDAwMDAwMDAwLCJkZWxldGUiOjE4MDAwMDAwMDAwMDAsInJlYWQiOjMwMDAwMDAwMDAwMCwidXBkYXRlIjoxODAwMDAwMDAwMDAwfSwic2NoZW1hX3ZlcnNpb24iOiIzIn0=",
          "dependencies": [
            "azurerm_resource_group.rg"
          ]
        }
      ]
    },
    {
      "module": "module.database",
      "mode": "managed",
      "type": "azurerm_monitor_diagnostic_setting",
      "name": "mysql_audit",
      "provider": "provider[\"registry.terraform.io/hashicorp/azurerm\"]",
      "instances": [
        {
          "schema_version": 0,
          "attributes": {
            "enabled_log": [
              {
                "category": "MySqlAuditLogs",
                "category_group": "",
                "retention_policy": [
                  {
                    "days": 0,
                    "enabled": false
                  }
                ]
              },
              {
                "category": "MySqlSlowLogs",
                "category_group": "",
                "retention_policy": [
                  {
                    "days": 0,
                    "enabled": false
                  }
                ]
              }
            ],
            "enabled_metric": [
              {
                "category": "AllMetrics"
              }
            ],
            "eventhub_authorization_rule_id": "",
            "eventhub_name": "",
            "id": "/subscriptions/99b79efe-ebd6-468c-b39f-5669acb259e1/resourceGroups/04-t1-www-rg/providers/Microsoft.DBforMySQL/flexibleServers/www-mysql-server-1zhm|mysql-audit-logs",
            "log_analytics_destination_type": "AzureDiagnostics",
            "log_analytics_workspace_id": "/subscriptions/99b79efe-ebd6-468c-b39f-5669acb259e1/resourceGroups/04-t1-www-rg/providers/Microsoft.OperationalInsights/workspaces/www-log-analytics",
            "metric": [
              {
                "category": "AllMetrics",
                "enabled": true,
                "retention_policy": [
                  {
                    "days": 0,
                    "enabled": false
                  }
                ]
              }
            ],
            "name": "mysql-audit-logs",
            "partner_solution_id": null,
            "storage_account_id": null,
            "target_resource_id": "/subscriptions/99b79efe-ebd6-468c-b39f-5669acb259e1/resourceGroups/04-t1-www-rg/providers/Microsoft.DBforMySQL/flexibleServers/www-mysql-server-1zhm",
            "timeouts": null
          },
          "sensitive_attributes": [],
          "identity_schema_version": 0,
          "private": "eyJlMmJmYjczMC1lY2FhLTExZTYtOGY4OC0zNDM2M2JjN2M0YzAiOnsiY3JlYXRlIjoxODAwMDAwMDAwMDAwLCJkZWxldGUiOjM2MDAwMDAwMDAwMDAsInJlYWQiOjMwMDAwMDAwMDAwMCwidXBkYXRlIjoxODAwMDAwMDAwMDAwfX0=",
          "dependencies": [
            "azurerm_resource_group.rg",
            "module.database.azurerm_log_analytics_workspace.log",
            "module.database.azurerm_mysql_flexible_server.www_mysql",
            "module.database.random_string.mysql_suffix"
          ]
        }
      ]
    },
    {
      "module": "module.database",
      "mode": "managed",
      "type": "azurerm_mysql_flexible_database",
      "name": "www_db",
      "provider": "provider[\"registry.terraform.io/hashicorp/azurerm\"]",
      "instances": [
        {
          "schema_version": 0,
          "attributes": {
            "charset": "utf8mb4",
            "collation": "utf8mb4_unicode_ci",
            "id": "/subscriptions/99b79efe-ebd6-468c-b39f-5669acb259e1/resourceGroups/04-t1-www-rg/providers/Microsoft.DBforMySQL/flexibleServers/www-mysql-server-1zhm/databases/www_sql",
            "name": "www_sql",
            "resource_group_name": "04-t1-www-rg",
            "server_name": "www-mysql-server-1zhm",
            "timeouts": null
          },
          "sensitive_attributes": [],
          "identity_schema_version": 0,
          "private": "eyJlMmJmYjczMC1lY2FhLTExZTYtOGY4OC0zNDM2M2JjN2M0YzAiOnsiY3JlYXRlIjozNjAwMDAwMDAwMDAwLCJkZWxldGUiOjM2MDAwMDAwMDAwMDAsInJlYWQiOjMwMDAwMDAwMDAwMH19",
          "dependencies": [
            "azurerm_resource_group.rg",
            "module.database.azurerm_mysql_flexible_server.www_mysql",
            "module.database.random_string.mysql_suffix"
          ]
        }
      ]
    },
    {
      "module": "module.database",
      "mode": "managed",
      "type": "azurerm_mysql_flexible_server",
      "name": "www_mysql",
      "provider": "provider[\"registry.terraform.io/hashicorp/azurerm\"]",
      "instances": [
        {
          "schema_version": 0,
          "attributes": {
            "administrator_login": "www",
            "administrator_password": "It12345!",
            "administrator_password_wo": null,
            "administrator_password_wo_version": 0,
            "backup_retention_days": 35,
            "create_mode": null,
            "customer_managed_key": [],
            "delegated_subnet_id": "",
            "fqdn": "www-mysql-server-1zhm.mysql.database.azure.com",
            "geo_redundant_backup_enabled": false,
            "high_availability": [
              {
                "mode": "ZoneRedundant",
                "standby_availability_zone": "2"
              }
            ],
            "id": "/subscriptions/99b79efe-ebd6-468c-b39f-5669acb259e1/resourceGroups/04-t1-www-rg/providers/Microsoft.DBforMySQL/flexibleServers/www-mysql-server-1zhm",
            "identity": [],
            "location": "koreacentral",
            "maintenance_window": [
              {
                "day_of_week": 0,
                "start_hour": 3,
                "start_minute": 0
              }
            ],
            "name": "www-mysql-server-1zhm",
            "point_in_time_restore_time_in_utc": null,
            "private_dns_zone_id": "",
            "public_network_access": "Enabled",
            "public_network_access_enabled": true,
            "replica_capacity": 10,
            "replication_role": "Source",
            "resource_group_name": "04-t1-www-rg",
            "sku_name": "GP_Standard_D4ds_v4",
            "source_server_id": "",
            "storage": [
              {
                "auto_grow_enabled": true,
                "io_scaling_enabled": false,
                "iops": 600,
                "log_on_disk_enabled": false,
                "size_gb": 64
              }
            ],
            "tags": {
              "Environment": "Production",
              "ManagedBy": "Terraform",
              "Purpose": "Database-Server"
            },
            "timeouts": null,
            "version": "8.0.21",
            "zone": "1"
          },
          "sensitive_attributes": [
            [
              {
                "type": "get_attr",
                "value": "administrator_password"
              }
            ]
          ],
          "identity_schema_version": 0,
          "private": "eyJlMmJmYjczMC1lY2FhLTExZTYtOGY4OC0zNDM2M2JjN2M0YzAiOnsiY3JlYXRlIjo3MjAwMDAwMDAwMDAwLCJkZWxldGUiOjM2MDAwMDAwMDAwMDAsInJlYWQiOjMwMDAwMDAwMDAwMCwidXBkYXRlIjo3MjAwMDAwMDAwMDAwfX0=",
          "dependencies": [
            "azurerm_resource_group.rg",
            "module.database.random_string.mysql_suffix"
          ]
        }
      ]
    },
    {
      "module": "module.database",
      "mode": "managed",
      "type": "azurerm_mysql_flexible_server",
      "name": "www_replica",
      "provider": "provider[\"registry.terraform.io/hashicorp/azurerm\"]",
      "instances": [
        {
          "schema_version": 0,
          "attributes": {
            "administrator_login": "www",
            "administrator_password": "It12345!",
            "administrator_password_wo": null,
            "administrator_password_wo_version": 0,
            "backup_retention_days": 7,
            "create_mode": "Replica",
            "customer_managed_key": [],
            "delegated_subnet_id": "",
            "fqdn": "www-mysql-replica-1-o1.mysql.database.azure.com",
            "geo_redundant_backup_enabled": false,
            "high_availability": [],
            "id": "/subscriptions/99b79efe-ebd6-468c-b39f-5669acb259e1/resourceGroups/04-t1-www-rg/providers/Microsoft.DBforMySQL/flexibleServers/www-mysql-replica-1-o1",
            "identity": [],
            "location": "koreacentral",
            "maintenance_window": [],
            "name": "www-mysql-replica-1-o1",
            "point_in_time_restore_time_in_utc": null,
            "private_dns_zone_id": "",
            "public_network_access": "Enabled",
            "public_network_access_enabled": true,
            "replica_capacity": 0,
            "replication_role": "Replica",
            "resource_group_name": "04-t1-www-rg",
            "sku_name": "GP_Standard_D2ds_v4",
            "source_server_id": "/subscriptions/99b79efe-ebd6-468c-b39f-5669acb259e1/resourceGroups/04-t1-www-rg/providers/Microsoft.DBforMySQL/flexibleServers/www-mysql-server-1zhm",
            "storage": [
              {
                "auto_grow_enabled": true,
                "io_scaling_enabled": false,
                "iops": 600,
                "log_on_disk_enabled": false,
                "size_gb": 64
              }
            ],
            "tags": {
              "Environment": "Production",
              "ManagedBy": "Terraform",
              "Purpose": "Database-Replica"
            },
            "timeouts": null,
            "version": "8.0.21",
            "zone": "2"
          },
          "sensitive_attributes": [
            [
              {
                "type": "get_attr",
                "value": "administrator_password"
              }
            ]
          ],
          "identity_schema_version": 0,
          "private": "eyJlMmJmYjczMC1lY2FhLTExZTYtOGY4OC0zNDM2M2JjN2M0YzAiOnsiY3JlYXRlIjo3MjAwMDAwMDAwMDAwLCJkZWxldGUiOjM2MDAwMDAwMDAwMDAsInJlYWQiOjMwMDAwMDAwMDAwMCwidXBkYXRlIjo3MjAwMDAwMDAwMDAwfX0=",
          "dependencies": [
            "azurerm_resource_group.rg",
            "module.database.azurerm_mysql_flexible_server.www_mysql",
            "module.database.random_string.mysql_suffix",
            "module.database.random_string.replica_suffix",
            "module.database.time_sleep.wait_for_primary"
          ]
        }
      ]
    },
    {
      "module": "module.database",
      "mode": "managed",
      "type": "azurerm_mysql_flexible_server",
      "name": "www_replica_2",
      "provider": "provider[\"registry.terraform.io/hashicorp/azurerm\"]",
      "instances": [
        {
          "schema_version": 0,
          "attributes": {
            "administrator_login": "www",
            "administrator_password": "It12345!",
            "administrator_password_wo": null,
            "administrator_password_wo_version": 0,
            "backup_retention_days": 7,
            "create_mode": "Replica",
            "customer_managed_key": [],
            "delegated_subnet_id": "",
            "fqdn": "www-mysql-replica-2-o1.mysql.database.azure.com",
            "geo_redundant_backup_enabled": false,
            "high_availability": [],
            "id": "/subscriptions/99b79efe-ebd6-468c-b39f-5669acb259e1/resourceGroups/04-t1-www-rg/providers/Microsoft.DBforMySQL/flexibleServers/www-mysql-replica-2-o1",
            "identity": [],
            "location": "koreacentral",
            "maintenance_window": [],
            "name": "www-mysql-replica-2-o1",
            "point_in_time_restore_time_in_utc": null,
            "private_dns_zone_id": "",
            "public_network_access": "Enabled",
            "public_network_access_enabled": true,
            "replica_capacity": 0,
            "replication_role": "Replica",
            "resource_group_name": "04-t1-www-rg",
            "sku_name": "GP_Standard_D2ds_v4",
            "source_server_id": "/subscriptions/99b79efe-ebd6-468c-b39f-5669acb259e1/resourceGroups/04-t1-www-rg/providers/Microsoft.DBforMySQL/flexibleServers/www-mysql-server-1zhm",
            "storage": [
              {
                "auto_grow_enabled": true,
                "io_scaling_enabled": false,
                "iops": 600,
                "log_on_disk_enabled": false,
                "size_gb": 64
              }
            ],
            "tags": {},
            "timeouts": null,
            "version": "8.0.21",
            "zone": "1"
          },
          "sensitive_attributes": [
            [
              {
                "type": "get_attr",
                "value": "administrator_password"
              }
            ]
          ],
          "identity_schema_version": 0,
          "private": "eyJlMmJmYjczMC1lY2FhLTExZTYtOGY4OC0zNDM2M2JjN2M0YzAiOnsiY3JlYXRlIjo3MjAwMDAwMDAwMDAwLCJkZWxldGUiOjM2MDAwMDAwMDAwMDAsInJlYWQiOjMwMDAwMDAwMDAwMCwidXBkYXRlIjo3MjAwMDAwMDAwMDAwfX0=",
          "dependencies": [
            "azurerm_resource_group.rg",
            "module.database.azurerm_mysql_flexible_server.www_mysql",
            "module.database.azurerm_mysql_flexible_server.www_replica",
            "module.database.random_string.mysql_suffix",
            "module.database.random_string.replica_suffix",
            "module.database.time_sleep.wait_for_primary"
          ]
        }
      ]
    },
    {
      "module": "module.database",
      "mode": "managed",
      "type": "azurerm_mysql_flexible_server_configuration",
      "name": "innodb_buffer_pool_size",
      "provider": "provider[\"registry.terraform.io/hashicorp/azurerm\"]",
      "instances": [
        {
          "schema_version": 0,
          "attributes": {
            "id": "/subscriptions/99b79efe-ebd6-468c-b39f-5669acb259e1/resourceGroups/04-t1-www-rg/providers/Microsoft.DBforMySQL/flexibleServers/www-mysql-server-1zhm/configurations/innodb_buffer_pool_size",
            "name": "innodb_buffer_pool_size",
            "resource_group_name": "04-t1-www-rg",
            "server_name": "www-mysql-server-1zhm",
            "timeouts": null,
            "value": "4294967296"
          },
          "sensitive_attributes": [],
          "identity_schema_version": 0,
          "private": "eyJlMmJmYjczMC1lY2FhLTExZTYtOGY4OC0zNDM2M2JjN2M0YzAiOnsiY3JlYXRlIjoxODAwMDAwMDAwMDAwLCJkZWxldGUiOjE4MDAwMDAwMDAwMDAsInJlYWQiOjMwMDAwMDAwMDAwMCwidXBkYXRlIjoxODAwMDAwMDAwMDAwfX0=",
          "dependencies": [
            "azurerm_resource_group.rg",
            "module.database.azurerm_mysql_flexible_server.www_mysql",
            "module.database.random_string.mysql_suffix"
          ]
        }
      ]
    },
    {
      "module": "module.database",
      "mode": "managed",
      "type": "azurerm_mysql_flexible_server_configuration",
      "name": "long_query_time",
      "provider": "provider[\"registry.terraform.io/hashicorp/azurerm\"]",
      "instances": [
        {
          "schema_version": 0,
          "attributes": {
            "id": "/subscriptions/99b79efe-ebd6-468c-b39f-5669acb259e1/resourceGroups/04-t1-www-rg/providers/Microsoft.DBforMySQL/flexibleServers/www-mysql-server-1zhm/configurations/long_query_time",
            "name": "long_query_time",
            "resource_group_name": "04-t1-www-rg",
            "server_name": "www-mysql-server-1zhm",
            "timeouts": null,
            "value": "2"
          },
          "sensitive_attributes": [],
          "identity_schema_version": 0,
          "private": "eyJlMmJmYjczMC1lY2FhLTExZTYtOGY4OC0zNDM2M2JjN2M0YzAiOnsiY3JlYXRlIjoxODAwMDAwMDAwMDAwLCJkZWxldGUiOjE4MDAwMDAwMDAwMDAsInJlYWQiOjMwMDAwMDAwMDAwMCwidXBkYXRlIjoxODAwMDAwMDAwMDAwfX0=",
          "dependencies": [
            "azurerm_resource_group.rg",
            "module.database.azurerm_mysql_flexible_server.www_mysql",
            "module.database.random_string.mysql_suffix"
          ]
        }
      ]
    },
    {
      "module": "module.database",
      "mode": "managed",
      "type": "azurerm_mysql_flexible_server_configuration",
      "name": "max_connections",
      "provider": "provider[\"registry.terraform.io/hashicorp/azurerm\"]",
      "instances": [
        {
          "schema_version": 0,
          "attributes": {
            "id": "/subscriptions/99b79efe-ebd6-468c-b39f-5669acb259e1/resourceGroups/04-t1-www-rg/providers/Microsoft.DBforMySQL/flexibleServers/www-mysql-server-1zhm/configurations/max_connections",
            "name": "max_connections",
            "resource_group_name": "04-t1-www-rg",
            "server_name": "www-mysql-server-1zhm",
            "timeouts": null,
            "value": "500"
          },
          "sensitive_attributes": [],
          "identity_schema_version": 0,
          "private": "eyJlMmJmYjczMC1lY2FhLTExZTYtOGY4OC0zNDM2M2JjN2M0YzAiOnsiY3JlYXRlIjoxODAwMDAwMDAwMDAwLCJkZWxldGUiOjE4MDAwMDAwMDAwMDAsInJlYWQiOjMwMDAwMDAwMDAwMCwidXBkYXRlIjoxODAwMDAwMDAwMDAwfX0=",
          "dependencies": [
            "azurerm_resource_group.rg",
            "module.database.azurerm_mysql_flexible_server.www_mysql",
            "module.database.random_string.mysql_suffix"
          ]
        }
      ]
    },
    {
      "module": "module.database",
      "mode": "managed",
      "type": "azurerm_mysql_flexible_server_configuration",
      "name": "require_ssl",
      "provider": "provider[\"registry.terraform.io/hashicorp/azurerm\"]",
      "instances": [
        {
          "schema_version": 0,
          "attributes": {
            "id": "/subscriptions/99b79efe-ebd6-468c-b39f-5669acb259e1/resourceGroups/04-t1-www-rg/providers/Microsoft.DBforMySQL/flexibleServers/www-mysql-server-1zhm/configurations/require_secure_transport",
            "name": "require_secure_transport",
            "resource_group_name": "04-t1-www-rg",
            "server_name": "www-mysql-server-1zhm",
            "timeouts": null,
            "value": "ON"
          },
          "sensitive_attributes": [],
          "identity_schema_version": 0,
          "private": "eyJlMmJmYjczMC1lY2FhLTExZTYtOGY4OC0zNDM2M2JjN2M0YzAiOnsiY3JlYXRlIjoxODAwMDAwMDAwMDAwLCJkZWxldGUiOjE4MDAwMDAwMDAwMDAsInJlYWQiOjMwMDAwMDAwMDAwMCwidXBkYXRlIjoxODAwMDAwMDAwMDAwfX0=",
          "dependencies": [
            "azurerm_resource_group.rg",
            "module.database.azurerm_mysql_flexible_server.www_mysql",
            "module.database.random_string.mysql_suffix"
          ]
        }
      ]
    },
    {
      "module": "module.database",
      "mode": "managed",
      "type": "azurerm_mysql_flexible_server_configuration",
      "name": "slow_query_log",
      "provider": "provider[\"registry.terraform.io/hashicorp/azurerm\"]",
      "instances": [
        {
          "schema_version": 0,
          "attributes": {
            "id": "/subscriptions/99b79efe-ebd6-468c-b39f-5669acb259e1/resourceGroups/04-t1-www-rg/providers/Microsoft.DBforMySQL/flexibleServers/www-mysql-server-1zhm/configurations/slow_query_log",
            "name": "slow_query_log",
            "resource_group_name": "04-t1-www-rg",
            "server_name": "www-mysql-server-1zhm",
            "timeouts": null,
            "value": "ON"
          },
          "sensitive_attributes": [],
          "identity_schema_version": 0,
          "private": "eyJlMmJmYjczMC1lY2FhLTExZTYtOGY4OC0zNDM2M2JjN2M0YzAiOnsiY3JlYXRlIjoxODAwMDAwMDAwMDAwLCJkZWxldGUiOjE4MDAwMDAwMDAwMDAsInJlYWQiOjMwMDAwMDAwMDAwMCwidXBkYXRlIjoxODAwMDAwMDAwMDAwfX0=",
          "dependencies": [
            "azurerm_resource_group.rg",
            "module.database.azurerm_mysql_flexible_server.www_mysql",
            "module.database.random_string.mysql_suffix"
          ]
        }
      ]
    },
    {
      "module": "module.database",
      "mode": "managed",
      "type": "azurerm_mysql_flexible_server_configuration",
      "name": "www_audit",
      "provider": "provider[\"registry.terraform.io/hashicorp/azurerm\"]",
      "instances": [
        {
          "schema_version": 0,
          "attributes": {
            "id": "/subscriptions/99b79efe-ebd6-468c-b39f-5669acb259e1/resourceGroups/04-t1-www-rg/providers/Microsoft.DBforMySQL/flexibleServers/www-mysql-server-1zhm/configurations/audit_log_enabled",
            "name": "audit_log_enabled",
            "resource_group_name": "04-t1-www-rg",
            "server_name": "www-mysql-server-1zhm",
            "timeouts": null,
            "value": "ON"
          },
          "sensitive_attributes": [],
          "identity_schema_version": 0,
          "private": "eyJlMmJmYjczMC1lY2FhLTExZTYtOGY4OC0zNDM2M2JjN2M0YzAiOnsiY3JlYXRlIjoxODAwMDAwMDAwMDAwLCJkZWxldGUiOjE4MDAwMDAwMDAwMDAsInJlYWQiOjMwMDAwMDAwMDAwMCwidXBkYXRlIjoxODAwMDAwMDAwMDAwfX0=",
          "dependencies": [
            "azurerm_resource_group.rg",
            "module.database.azurerm_mysql_flexible_server.www_mysql",
            "module.database.random_string.mysql_suffix"
          ]
        }
      ]
    },
    {
      "module": "module.database",
      "mode": "managed",
      "type": "azurerm_mysql_flexible_server_configuration",
      "name": "www_audit_events",
      "provider": "provider[\"registry.terraform.io/hashicorp/azurerm\"]",
      "instances": [
        {
          "schema_version": 0,
          "attributes": {
            "id": "/subscriptions/99b79efe-ebd6-468c-b39f-5669acb259e1/resourceGroups/04-t1-www-rg/providers/Microsoft.DBforMySQL/flexibleServers/www-mysql-server-1zhm/configurations/audit_log_events",
            "name": "audit_log_events",
            "resource_group_name": "04-t1-www-rg",
            "server_name": "www-mysql-server-1zhm",
            "timeouts": null,
            "value": "CONNECTION,DDL,DML_SELECT,DML_NONSELECT"
          },
          "sensitive_attributes": [],
          "identity_schema_version": 0,
          "private": "eyJlMmJmYjczMC1lY2FhLTExZTYtOGY4OC0zNDM2M2JjN2M0YzAiOnsiY3JlYXRlIjoxODAwMDAwMDAwMDAwLCJkZWxldGUiOjE4MDAwMDAwMDAwMDAsInJlYWQiOjMwMDAwMDAwMDAwMCwidXBkYXRlIjoxODAwMDAwMDAwMDAwfX0=",
          "dependencies": [
            "azurerm_resource_group.rg",
            "module.database.azurerm_mysql_flexible_server.www_mysql",
            "module.database.random_string.mysql_suffix"
          ]
        }
      ]
    },
    {
      "module": "module.database",
      "mode": "managed",
      "type": "azurerm_mysql_flexible_server_firewall_rule",
      "name": "allow_azure_services",
      "provider": "provider[\"registry.terraform.io/hashicorp/azurerm\"]",
      "instances": [
        {
          "schema_version": 0,
          "attributes": {
            "end_ip_address": "0.0.0.0",
            "id": "/subscriptions/99b79efe-ebd6-468c-b39f-5669acb259e1/resourceGroups/04-t1-www-rg/providers/Microsoft.DBforMySQL/flexibleServers/www-mysql-server-1zhm/firewallRules/allow-azure-services",
            "name": "allow-azure-services",
            "resource_group_name": "04-t1-www-rg",
            "server_name": "www-mysql-server-1zhm",
            "start_ip_address": "0.0.0.0",
            "timeouts": null
          },
          "sensitive_attributes": [],
          "identity_schema_version": 0,
          "private": "eyJlMmJmYjczMC1lY2FhLTExZTYtOGY4OC0zNDM2M2JjN2M0YzAiOnsiY3JlYXRlIjoxODAwMDAwMDAwMDAwLCJkZWxldGUiOjE4MDAwMDAwMDAwMDAsInJlYWQiOjMwMDAwMDAwMDAwMCwidXBkYXRlIjoxODAwMDAwMDAwMDAwfX0=",
          "dependencies": [
            "azurerm_resource_group.rg",
            "module.database.azurerm_mysql_flexible_server.www_mysql",
            "module.database.random_string.mysql_suffix"
          ]
        }
      ]
    },
    {
      "module": "module.database",
      "mode": "managed",
      "type": "azurerm_mysql_flexible_server_firewall_rule",
      "name": "allow_class_ip",
      "provider": "provider[\"registry.terraform.io/hashicorp/azurerm\"]",
      "instances": [
        {
          "schema_version": 0,
          "attributes": {
            "end_ip_address": "61.108.60.26",
            "id": "/subscriptions/99b79efe-ebd6-468c-b39f-5669acb259e1/resourceGroups/04-t1-www-rg/providers/Microsoft.DBforMySQL/flexibleServers/www-mysql-server-1zhm/firewallRules/allow-class-ip",
            "name": "allow-class-ip",
            "resource_group_name": "04-t1-www-rg",
            "server_name": "www-mysql-server-1zhm",
            "start_ip_address": "61.108.60.26",
            "timeouts": null
          },
          "sensitive_attributes": [],
          "identity_schema_version": 0,
          "private": "eyJlMmJmYjczMC1lY2FhLTExZTYtOGY4OC0zNDM2M2JjN2M0YzAiOnsiY3JlYXRlIjoxODAwMDAwMDAwMDAwLCJkZWxldGUiOjE4MDAwMDAwMDAwMDAsInJlYWQiOjMwMDAwMDAwMDAwMCwidXBkYXRlIjoxODAwMDAwMDAwMDAwfX0=",
          "dependencies": [
            "azurerm_resource_group.rg",
            "module.database.azurerm_mysql_flexible_server.www_mysql",
            "module.database.random_string.mysql_suffix"
          ]
        }
      ]
    },
    {
      "module": "module.database",
      "mode": "managed",
      "type": "azurerm_private_dns_zone",
      "name": "mysql_dns_zone",
      "provider": "provider[\"registry.terraform.io/hashicorp/azurerm\"]",
      "instances": [
        {
          "schema_version": 0,
          "attributes": {
            "id": "/subscriptions/99b79efe-ebd6-468c-b39f-5669acb259e1/resourceGroups/04-t1-www-rg/providers/Microsoft.Network/privateDnsZones/privatelink.mysql.database.azure.com",
            "max_number_of_record_sets": 25000,
            "max_number_of_virtual_network_links": 1000,
            "max_number_of_virtual_network_links_with_registration": 100,
            "name": "privatelink.mysql.database.azure.com",
            "number_of_record_sets": 2,
            "resource_group_name": "04-t1-www-rg",
            "soa_record": [
              {
                "email": "azureprivatedns-host.microsoft.com",
                "expire_time": 2419200,
                "fqdn": "privatelink.mysql.database.azure.com.",
                "host_name": "azureprivatedns.net",
                "minimum_ttl": 10,
                "refresh_time": 3600,
                "retry_time": 300,
                "serial_number": 1,
                "tags": {},
                "ttl": 3600
              }
            ],
            "tags": {},
            "timeouts": null
          },
          "sensitive_attributes": [],
          "identity_schema_version": 0,
          "identity": {
            "name": "privatelink.mysql.database.azure.com",
            "resource_group_name": "04-t1-www-rg",
            "subscription_id": "99b79efe-ebd6-468c-b39f-5669acb259e1"
          },
          "private": "eyJlMmJmYjczMC1lY2FhLTExZTYtOGY4OC0zNDM2M2JjN2M0YzAiOnsiY3JlYXRlIjoxODAwMDAwMDAwMDAwLCJkZWxldGUiOjE4MDAwMDAwMDAwMDAsInJlYWQiOjMwMDAwMDAwMDAwMCwidXBkYXRlIjoxODAwMDAwMDAwMDAwfX0=",
          "dependencies": [
            "azurerm_resource_group.rg"
          ]
        }
      ]
    },
    {
      "module": "module.database",
      "mode": "managed",
      "type": "azurerm_private_dns_zone",
      "name": "redis_dns_zone",
      "provider": "provider[\"registry.terraform.io/hashicorp/azurerm\"]",
      "instances": [
        {
          "schema_version": 0,
          "attributes": {
            "id": "/subscriptions/99b79efe-ebd6-468c-b39f-5669acb259e1/resourceGroups/04-t1-www-rg/providers/Microsoft.Network/privateDnsZones/privatelink.redis.cache.windows.net",
            "max_number_of_record_sets": 25000,
            "max_number_of_virtual_network_links": 1000,
            "max_number_of_virtual_network_links_with_registration": 100,
            "name": "privatelink.redis.cache.windows.net",
            "number_of_record_sets": 2,
            "resource_group_name": "04-t1-www-rg",
            "soa_record": [
              {
                "email": "azureprivatedns-host.microsoft.com",
                "expire_time": 2419200,
                "fqdn": "privatelink.redis.cache.windows.net.",
                "host_name": "azureprivatedns.net",
                "minimum_ttl": 10,
                "refresh_time": 3600,
                "retry_time": 300,
                "serial_number": 1,
                "tags": {},
                "ttl": 3600
              }
            ],
            "tags": {},
            "timeouts": null
          },
          "sensitive_attributes": [],
          "identity_schema_version": 0,
          "identity": {
            "name": "privatelink.redis.cache.windows.net",
            "resource_group_name": "04-t1-www-rg",
            "subscription_id": "99b79efe-ebd6-468c-b39f-5669acb259e1"
          },
          "private": "eyJlMmJmYjczMC1lY2FhLTExZTYtOGY4OC0zNDM2M2JjN2M0YzAiOnsiY3JlYXRlIjoxODAwMDAwMDAwMDAwLCJkZWxldGUiOjE4MDAwMDAwMDAwMDAsInJlYWQiOjMwMDAwMDAwMDAwMCwidXBkYXRlIjoxODAwMDAwMDAwMDAwfX0=",
          "dependencies": [
            "azurerm_resource_group.rg"
          ]
        }
      ]
    },
    {
      "module": "module.database",
      "mode": "managed",
      "type": "azurerm_private_dns_zone_virtual_network_link",
      "name": "mysql_dns_link",
      "provider": "provider[\"registry.terraform.io/hashicorp/azurerm\"]",
      "instances": [
        {
          "schema_version": 0,
          "attributes": {
            "id": "/subscriptions/99b79efe-ebd6-468c-b39f-5669acb259e1/resourceGroups/04-t1-www-rg/providers/Microsoft.Network/privateDnsZones/privatelink.mysql.database.azure.com/virtualNetworkLinks/www-mysql-dns-link",
            "name": "www-mysql-dns-link",
            "private_dns_zone_name": "privatelink.mysql.database.azure.com",
            "registration_enabled": false,
            "resolution_policy": "Default",
            "resource_group_name": "04-t1-www-rg",
            "tags": {},
            "timeouts": null,
            "virtual_network_id": "/subscriptions/99b79efe-ebd6-468c-b39f-5669acb259e1/resourceGroups/04-t1-www-rg/providers/Microsoft.Network/virtualNetworks/vnet0"
          },
          "sensitive_attributes": [],
          "identity_schema_version": 0,
          "identity": {
            "name": "www-mysql-dns-link",
            "private_dns_zone_name": "privatelink.mysql.database.azure.com",
            "resource_group_name": "04-t1-www-rg",
            "subscription_id": "99b79efe-ebd6-468c-b39f-5669acb259e1"
          },
          "private": "eyJlMmJmYjczMC1lY2FhLTExZTYtOGY4OC0zNDM2M2JjN2M0YzAiOnsiY3JlYXRlIjoxODAwMDAwMDAwMDAwLCJkZWxldGUiOjE4MDAwMDAwMDAwMDAsInJlYWQiOjMwMDAwMDAwMDAwMCwidXBkYXRlIjoxODAwMDAwMDAwMDAwfX0=",
          "dependencies": [
            "azurerm_resource_group.rg",
            "module.database.azurerm_private_dns_zone.mysql_dns_zone",
            "module.network_central.azurerm_virtual_network.vnet"
          ]
        }
      ]
    },
    {
      "module": "module.database",
      "mode": "managed",
      "type": "azurerm_private_dns_zone_virtual_network_link",
      "name": "redis_dns_link",
      "provider": "provider[\"registry.terraform.io/hashicorp/azurerm\"]",
      "instances": [
        {
          "schema_version": 0,
          "attributes": {
            "id": "/subscriptions/99b79efe-ebd6-468c-b39f-5669acb259e1/resourceGroups/04-t1-www-rg/providers/Microsoft.Network/privateDnsZones/privatelink.redis.cache.windows.net/virtualNetworkLinks/www-redis-dns-link",
            "name": "www-redis-dns-link",
            "private_dns_zone_name": "privatelink.redis.cache.windows.net",
            "registration_enabled": false,
            "resolution_policy": "Default",
            "resource_group_name": "04-t1-www-rg",
            "tags": {},
            "timeouts": null,
            "virtual_network_id": "/subscriptions/99b79efe-ebd6-468c-b39f-5669acb259e1/resourceGroups/04-t1-www-rg/providers/Microsoft.Network/virtualNetworks/vnet0"
          },
          "sensitive_attributes": [],
          "identity_schema_version": 0,
          "identity": {
            "name": "www-redis-dns-link",
            "private_dns_zone_name": "privatelink.redis.cache.windows.net",
            "resource_group_name": "04-t1-www-rg",
            "subscription_id": "99b79efe-ebd6-468c-b39f-5669acb259e1"
          },
          "private": "eyJlMmJmYjczMC1lY2FhLTExZTYtOGY4OC0zNDM2M2JjN2M0YzAiOnsiY3JlYXRlIjoxODAwMDAwMDAwMDAwLCJkZWxldGUiOjE4MDAwMDAwMDAwMDAsInJlYWQiOjMwMDAwMDAwMDAwMCwidXBkYXRlIjoxODAwMDAwMDAwMDAwfX0=",
          "dependencies": [
            "azurerm_resource_group.rg",
            "module.database.azurerm_private_dns_zone.redis_dns_zone",
            "module.network_central.azurerm_virtual_network.vnet"
          ]
        }
      ]
    },
    {
      "module": "module.database",
      "mode": "managed",
      "type": "azurerm_private_endpoint",
      "name": "mysql_pe",
      "provider": "provider[\"registry.terraform.io/hashicorp/azurerm\"]",
      "instances": [
        {
          "schema_version": 0,
          "attributes": {
            "custom_dns_configs": [],
            "custom_network_interface_name": "www-mysql-pe-nic",
            "id": "/subscriptions/99b79efe-ebd6-468c-b39f-5669acb259e1/resourceGroups/04-t1-www-rg/providers/Microsoft.Network/privateEndpoints/www-mysql-endpoint",
            "ip_configuration": [],
            "location": "koreacentral",
            "name": "www-mysql-endpoint",
            "network_interface": [
              {
                "id": "/subscriptions/99b79efe-ebd6-468c-b39f-5669acb259e1/resourceGroups/04-t1-www-rg/providers/Microsoft.Network/networkInterfaces/www-mysql-pe-nic",
                "name": "www-mysql-pe-nic"
              }
            ],
            "private_dns_zone_configs": [
              {
                "id": "/subscriptions/99b79efe-ebd6-468c-b39f-5669acb259e1/resourceGroups/04-t1-www-rg/providers/Microsoft.Network/privateEndpoints/www-mysql-endpoint/privateDnsZoneGroups/default/privateDnsZoneConfigs/privatelink.mysql.database.azure.com",
                "name": "privatelink.mysql.database.azure.com",
                "private_dns_zone_id": "/subscriptions/99b79efe-ebd6-468c-b39f-5669acb259e1/resourceGroups/04-t1-www-rg/providers/Microsoft.Network/privateDnsZones/privatelink.mysql.database.azure.com",
                "record_sets": [
                  {
                    "fqdn": "www-mysql-server-1zhm.privatelink.mysql.database.azure.com",
                    "ip_addresses": [
                      "172.16.1.4"
                    ],
                    "name": "www-mysql-server-1zhm",
                    "ttl": 10,
                    "type": "A"
                  }
                ]
              }
            ],
            "private_dns_zone_group": [
              {
                "id": "/subscriptions/99b79efe-ebd6-468c-b39f-5669acb259e1/resourceGroups/04-t1-www-rg/providers/Microsoft.Network/privateEndpoints/www-mysql-endpoint/privateDnsZoneGroups/default",
                "name": "default",
                "private_dns_zone_ids": [
                  "/subscriptions/99b79efe-ebd6-468c-b39f-5669acb259e1/resourceGroups/04-t1-www-rg/providers/Microsoft.Network/privateDnsZones/privatelink.mysql.database.azure.com"
                ]
              }
            ],
            "private_service_connection": [
              {
                "is_manual_connection": false,
                "name": "www-mysql-privatelink",
                "private_connection_resource_alias": "",
                "private_connection_resource_id": "/subscriptions/99b79efe-ebd6-468c-b39f-5669acb259e1/resourceGroups/04-t1-www-rg/providers/Microsoft.DBforMySQL/flexibleServers/www-mysql-server-1zhm",
                "private_ip_address": "172.16.1.4",
                "request_message": "",
                "subresource_names": [
                  "mysqlServer"
                ]
              }
            ],
            "resource_group_name": "04-t1-www-rg",
            "subnet_id": "/subscriptions/99b79efe-ebd6-468c-b39f-5669acb259e1/resourceGroups/04-t1-www-rg/providers/Microsoft.Network/virtualNetworks/vnet0/subnets/www-db",
            "tags": {},
            "timeouts": null
          },
          "sensitive_attributes": [],
          "identity_schema_version": 0,
          "identity": {
            "name": "www-mysql-endpoint",
            "resource_group_name": "04-t1-www-rg",
            "subscription_id": "99b79efe-ebd6-468c-b39f-5669acb259e1"
          },
          "private": "eyJlMmJmYjczMC1lY2FhLTExZTYtOGY4OC0zNDM2M2JjN2M0YzAiOnsiY3JlYXRlIjozNjAwMDAwMDAwMDAwLCJkZWxldGUiOjM2MDAwMDAwMDAwMDAsInJlYWQiOjMwMDAwMDAwMDAwMCwidXBkYXRlIjozNjAwMDAwMDAwMDAwfX0=",
          "dependencies": [
            "azurerm_resource_group.rg",
            "module.database.azurerm_mysql_flexible_server.www_mysql",
            "module.database.azurerm_private_dns_zone.mysql_dns_zone",
            "module.database.random_string.mysql_suffix",
            "module.network_central.azurerm_subnet.subnets",
            "module.network_central.azurerm_virtual_network.vnet"
          ]
        }
      ]
    },
    {
      "module": "module.database",
      "mode": "managed",
      "type": "azurerm_private_endpoint",
      "name": "redis_pe",
      "provider": "provider[\"registry.terraform.io/hashicorp/azurerm\"]",
      "instances": [
        {
          "schema_version": 0,
          "attributes": {
            "custom_dns_configs": [],
            "custom_network_interface_name": "www-redis-pe-nic",
            "id": "/subscriptions/99b79efe-ebd6-468c-b39f-5669acb259e1/resourceGroups/04-t1-www-rg/providers/Microsoft.Network/privateEndpoints/www-redis-endpoint",
            "ip_configuration": [],
            "location": "koreacentral",
            "name": "www-redis-endpoint",
            "network_interface": [
              {
                "id": "/subscriptions/99b79efe-ebd6-468c-b39f-5669acb259e1/resourceGroups/04-t1-www-rg/providers/Microsoft.Network/networkInterfaces/www-redis-pe-nic",
                "name": "www-redis-pe-nic"
              }
            ],
            "private_dns_zone_configs": [
              {
                "id": "/subscriptions/99b79efe-ebd6-468c-b39f-5669acb259e1/resourceGroups/04-t1-www-rg/providers/Microsoft.Network/privateEndpoints/www-redis-endpoint/privateDnsZoneGroups/default/privateDnsZoneConfigs/privatelink.redis.cache.windows.net",
                "name": "privatelink.redis.cache.windows.net",
                "private_dns_zone_id": "/subscriptions/99b79efe-ebd6-468c-b39f-5669acb259e1/resourceGroups/04-t1-www-rg/providers/Microsoft.Network/privateDnsZones/privatelink.redis.cache.windows.net",
                "record_sets": [
                  {
                    "fqdn": "www-redis-cache-kmfc.privatelink.redis.cache.windows.net",
                    "ip_addresses": [
                      "172.16.1.5"
                    ],
                    "name": "www-redis-cache-kmfc",
                    "ttl": 10,
                    "type": "A"
                  }
                ]
              }
            ],
            "private_dns_zone_group": [
              {
                "id": "/subscriptions/99b79efe-ebd6-468c-b39f-5669acb259e1/resourceGroups/04-t1-www-rg/providers/Microsoft.Network/privateEndpoints/www-redis-endpoint/privateDnsZoneGroups/default",
                "name": "default",
                "private_dns_zone_ids": [
                  "/subscriptions/99b79efe-ebd6-468c-b39f-5669acb259e1/resourceGroups/04-t1-www-rg/providers/Microsoft.Network/privateDnsZones/privatelink.redis.cache.windows.net"
                ]
              }
            ],
            "private_service_connection": [
              {
                "is_manual_connection": false,
                "name": "www-redis-privatelink",
                "private_connection_resource_alias": "",
                "private_connection_resource_id": "/subscriptions/99b79efe-ebd6-468c-b39f-5669acb259e1/resourceGroups/04-t1-www-rg/providers/Microsoft.Cache/redis/www-redis-cache-kmfc",
                "private_ip_address": "172.16.1.5",
                "request_message": "",
                "subresource_names": [
                  "redisCache"
                ]
              }
            ],
            "resource_group_name": "04-t1-www-rg",
            "subnet_id": "/subscriptions/99b79efe-ebd6-468c-b39f-5669acb259e1/resourceGroups/04-t1-www-rg/providers/Microsoft.Network/virtualNetworks/vnet0/subnets/www-db",
            "tags": {},
            "timeouts": null
          },
          "sensitive_attributes": [],
          "identity_schema_version": 0,
          "identity": {
            "name": "www-redis-endpoint",
            "resource_group_name": "04-t1-www-rg",
            "subscription_id": "99b79efe-ebd6-468c-b39f-5669acb259e1"
          },
          "private": "eyJlMmJmYjczMC1lY2FhLTExZTYtOGY4OC0zNDM2M2JjN2M0YzAiOnsiY3JlYXRlIjozNjAwMDAwMDAwMDAwLCJkZWxldGUiOjM2MDAwMDAwMDAwMDAsInJlYWQiOjMwMDAwMDAwMDAwMCwidXBkYXRlIjozNjAwMDAwMDAwMDAwfX0=",
          "dependencies": [
            "azurerm_resource_group.rg",
            "module.database.azurerm_private_dns_zone.redis_dns_zone",
            "module.database.azurerm_redis_cache.www_redis",
            "module.database.random_string.redis_suffix",
            "module.network_central.azurerm_subnet.subnets",
            "module.network_central.azurerm_virtual_network.vnet",
            "module.storage.azurerm_storage_account.www_sa",
            "module.storage.random_string.sa_suffix"
          ]
        }
      ]
    },
    {
      "module": "module.database",
      "mode": "managed",
      "type": "azurerm_redis_cache",
      "name": "www_redis",
      "provider": "provider[\"registry.terraform.io/hashicorp/azurerm\"]",
      "instances": [
        {
          "schema_version": 1,
          "attributes": {
            "access_keys_authentication_enabled": true,
            "capacity": 1,
            "family": "P",
            "hostname": "www-redis-cache-kmfc.redis.cache.windows.net",
            "id": "/subscriptions/99b79efe-ebd6-468c-b39f-5669acb259e1/resourceGroups/04-t1-www-rg/providers/Microsoft.Cache/redis/www-redis-cache-kmfc",
            "identity": [],
            "location": "koreacentral",
            "minimum_tls_version": "1.2",
            "name": "www-redis-cache-kmfc",
            "non_ssl_port_enabled": false,
            "patch_schedule": [
              {
                "day_of_week": "Sunday",
                "maintenance_window": "PT5H",
                "start_hour_utc": 3
              }
            ],
            "port": 6379,
            "primary_access_key": "dd0q368Bb0QNyMP5nnEFE3eR9GRRtEJuqAzCaHeftHM=",
            "primary_connection_string": "www-redis-cache-kmfc.redis.cache.windows.net:6380,password=dd0q368Bb0QNyMP5nnEFE3eR9GRRtEJuqAzCaHeftHM=,ssl=true,abortConnect=False",
            "private_static_ip_address": "",
            "public_network_access_enabled": false,
            "redis_configuration": [
              {
                "active_directory_authentication_enabled": false,
                "aof_backup_enabled": false,
                "aof_storage_connection_string_0": "",
                "aof_storage_connection_string_1": "",
                "authentication_enabled": true,
                "data_persistence_authentication_method": "",
                "maxclients": 7500,
                "maxfragmentationmemory_reserved": 642,
                "maxmemory_delta": 642,
                "maxmemory_policy": "allkeys-lru",
                "maxmemory_reserved": 642,
                "notify_keyspace_events": "",
                "rdb_backup_enabled": true,
                "rdb_backup_frequency": 60,
                "rdb_backup_max_snapshot_count": 1,
                "rdb_storage_connection_string": "DefaultEndpointsProtocol=https;AccountName=wwwstoragehdxo;AccountKey=kXUWRxjV4MDuUcAK/M+9Zh74Z37gvLoV7Mm2IBtLczfVl7T5KHzz3XD0P95bqz6YKL+Qwt1lZIRj+AStKI7TNw==;EndpointSuffix=core.windows.net",
                "storage_account_subscription_id": ""
              }
            ],
            "redis_version": "6.0",
            "replicas_per_master": 1,
            "replicas_per_primary": 1,
            "resource_group_name": "04-t1-www-rg",
            "secondary_access_key": "MKkEj3JtPJWDA1Aks30LrQHWDvAXHrV7RAzCaFjDLiw=",
            "secondary_connection_string": "www-redis-cache-kmfc.redis.cache.windows.net:6380,password=MKkEj3JtPJWDA1Aks30LrQHWDvAXHrV7RAzCaFjDLiw=,ssl=true,abortConnect=False",
            "shard_count": 0,
            "sku_name": "Premium",
            "ssl_port": 6380,
            "subnet_id": "",
            "tags": {
              "Environment": "Production",
              "ManagedBy": "Terraform",
              "Purpose": "Redis-Cache"
            },
            "tenant_settings": {},
            "timeouts": null,
            "zones": []
          },
          "sensitive_attributes": [
            [
              {
                "type": "get_attr",
                "value": "primary_access_key"
              }
            ],
            [
              {
                "type": "get_attr",
                "value": "primary_connection_string"
              }
            ],
            [
              {
                "type": "get_attr",
                "value": "redis_configuration"
              },
              {
                "type": "index",
                "value": {
                  "value": 0,
                  "type": "number"
                }
              },
              {
                "type": "get_attr",
                "value": "aof_storage_connection_string_0"
              }
            ],
            [
              {
                "type": "get_attr",
                "value": "redis_configuration"
              },
              {
                "type": "index",
                "value": {
                  "value": 0,
                  "type": "number"
                }
              },
              {
                "type": "get_attr",
                "value": "aof_storage_connection_string_1"
              }
            ],
            [
              {
                "type": "get_attr",
                "value": "redis_configuration"
              },
              {
                "type": "index",
                "value": {
                  "value": 0,
                  "type": "number"
                }
              },
              {
                "type": "get_attr",
                "value": "rdb_storage_connection_string"
              }
            ],
            [
              {
                "type": "get_attr",
                "value": "secondary_access_key"
              }
            ],
            [
              {
                "type": "get_attr",
                "value": "secondary_connection_string"
              }
            ]
          ],
          "identity_schema_version": 0,
          "private": "eyJlMmJmYjczMC1lY2FhLTExZTYtOGY4OC0zNDM2M2JjN2M0YzAiOnsiY3JlYXRlIjoxMDgwMDAwMDAwMDAwMCwiZGVsZXRlIjoxMDgwMDAwMDAwMDAwMCwicmVhZCI6MzAwMDAwMDAwMDAwLCJ1cGRhdGUiOjEwODAwMDAwMDAwMDAwfSwic2NoZW1hX3ZlcnNpb24iOiIxIn0=",
          "dependencies": [
            "azurerm_resource_group.rg",
            "module.database.random_string.redis_suffix",
            "module.network_central.azurerm_subnet.subnets",
            "module.network_central.azurerm_virtual_network.vnet",
            "module.storage.azurerm_storage_account.www_sa",
            "module.storage.random_string.sa_suffix"
          ]
        }
      ]
    },
    {
      "module": "module.database",
      "mode": "managed",
      "type": "random_string",
      "name": "adf_suffix",
      "provider": "provider[\"registry.terraform.io/hashicorp/random\"]",
      "instances": [
        {
          "schema_version": 2,
          "attributes": {
            "id": "2092",
            "keepers": null,
            "length": 4,
            "lower": true,
            "min_lower": 0,
            "min_numeric": 0,
            "min_special": 0,
            "min_upper": 0,
            "number": true,
            "numeric": true,
            "override_special": null,
            "result": "2092",
            "special": false,
            "upper": false
          },
          "sensitive_attributes": [],
          "identity_schema_version": 0
        }
      ]
    },
    {
      "module": "module.database",
      "mode": "managed",
      "type": "random_string",
      "name": "cosmos_suffix",
      "provider": "provider[\"registry.terraform.io/hashicorp/random\"]",
      "instances": [
        {
          "schema_version": 2,
          "attributes": {
            "id": "df3dj3",
            "keepers": null,
            "length": 6,
            "lower": true,
            "min_lower": 0,
            "min_numeric": 0,
            "min_special": 0,
            "min_upper": 0,
            "number": true,
            "numeric": true,
            "override_special": null,
            "result": "df3dj3",
            "special": false,
            "upper": false
          },
          "sensitive_attributes": [],
          "identity_schema_version": 0
        }
      ]
    },
    {
      "module": "module.database",
      "mode": "managed",
      "type": "random_string",
      "name": "mysql_suffix",
      "provider": "provider[\"registry.terraform.io/hashicorp/random\"]",
      "instances": [
        {
          "schema_version": 2,
          "attributes": {
            "id": "1zhm",
            "keepers": null,
            "length": 4,
            "lower": true,
            "min_lower": 0,
            "min_numeric": 0,
            "min_special": 0,
            "min_upper": 0,
            "number": true,
            "numeric": true,
            "override_special": null,
            "result": "1zhm",
            "special": false,
            "upper": false
          },
          "sensitive_attributes": [],
          "identity_schema_version": 0
        }
      ]
    },
    {
      "module": "module.database",
      "mode": "managed",
      "type": "random_string",
      "name": "redis_suffix",
      "provider": "provider[\"registry.terraform.io/hashicorp/random\"]",
      "instances": [
        {
          "schema_version": 2,
          "attributes": {
            "id": "kmfc",
            "keepers": null,
            "length": 4,
            "lower": true,
            "min_lower": 0,
            "min_numeric": 0,
            "min_special": 0,
            "min_upper": 0,
            "number": true,
            "numeric": true,
            "override_special": null,
            "result": "kmfc",
            "special": false,
            "upper": false
          },
          "sensitive_attributes": [],
          "identity_schema_version": 0
        }
      ]
    },
    {
      "module": "module.database",
      "mode": "managed",
      "type": "random_string",
      "name": "replica_suffix",
      "provider": "provider[\"registry.terraform.io/hashicorp/random\"]",
      "instances": [
        {
          "schema_version": 2,
          "attributes": {
            "id": "o1",
            "keepers": null,
            "length": 2,
            "lower": true,
            "min_lower": 0,
            "min_numeric": 0,
            "min_special": 0,
            "min_upper": 0,
            "number": true,
            "numeric": true,
            "override_special": null,
            "result": "o1",
            "special": false,
            "upper": false
          },
          "sensitive_attributes": [],
          "identity_schema_version": 0
        }
      ]
    },
    {
      "module": "module.database",
      "mode": "managed",
      "type": "time_sleep",
      "name": "wait_for_primary",
      "provider": "provider[\"registry.terraform.io/hashicorp/time\"]",
      "instances": [
        {
          "schema_version": 0,
          "attributes": {
            "create_duration": "5m",
            "destroy_duration": null,
            "id": "2025-12-02T01:48:44Z",
            "triggers": null
          },
          "sensitive_attributes": [],
          "identity_schema_version": 0,
          "dependencies": [
            "azurerm_resource_group.rg",
            "module.database.azurerm_mysql_flexible_server.www_mysql",
            "module.database.random_string.mysql_suffix"
          ]
        }
      ]
    },
    {
      "module": "module.hub",
      "mode": "managed",
      "type": "azurerm_bastion_host",
      "name": "hub_bastion",
      "provider": "provider[\"registry.terraform.io/hashicorp/azurerm\"]",
      "instances": [
        {
          "schema_version": 0,
          "attributes": {
            "copy_paste_enabled": true,
            "dns_name": "bst-63d488c8-8dce-4fb7-8d5e-421f02d85431.bastion.azure.com",
            "file_copy_enabled": true,
            "id": "/subscriptions/99b79efe-ebd6-468c-b39f-5669acb259e1/resourceGroups/04-t1-www-rg/providers/Microsoft.Network/bastionHosts/hub-bastion",
            "ip_configuration": [
              {
                "name": "configuration",
                "public_ip_address_id": "/subscriptions/99b79efe-ebd6-468c-b39f-5669acb259e1/resourceGroups/04-t1-www-rg/providers/Microsoft.Network/publicIPAddresses/hub-bastion-pip",
                "subnet_id": "/subscriptions/99b79efe-ebd6-468c-b39f-5669acb259e1/resourceGroups/04-t1-www-rg/providers/Microsoft.Network/virtualNetworks/hub-vnet/subnets/AzureBastionSubnet"
              }
            ],
            "ip_connect_enabled": false,
            "kerberos_enabled": false,
            "location": "koreacentral",
            "name": "hub-bastion",
            "resource_group_name": "04-t1-www-rg",
            "scale_units": 2,
            "session_recording_enabled": false,
            "shareable_link_enabled": false,
            "sku": "Standard",
            "tags": {
              "Environment": "Production",
              "ManagedBy": "Terraform",
              "Purpose": "Hub-Bastion"
            },
            "timeouts": null,
            "tunneling_enabled": true,
            "virtual_network_id": "",
            "zones": []
          },
          "sensitive_attributes": [],
          "identity_schema_version": 0,
          "identity": {
            "name": "hub-bastion",
            "resource_group_name": "04-t1-www-rg",
            "subscription_id": "99b79efe-ebd6-468c-b39f-5669acb259e1"
          },
          "private": "eyJlMmJmYjczMC1lY2FhLTExZTYtOGY4OC0zNDM2M2JjN2M0YzAiOnsiY3JlYXRlIjoxODAwMDAwMDAwMDAwLCJkZWxldGUiOjE4MDAwMDAwMDAwMDAsInJlYWQiOjMwMDAwMDAwMDAwMCwidXBkYXRlIjoxODAwMDAwMDAwMDAwfX0=",
          "dependencies": [
            "azurerm_resource_group.rg",
            "module.hub.azurerm_public_ip.bastion_pip",
            "module.hub.azurerm_subnet.bastion_subnet",
            "module.hub.azurerm_virtual_network.hub_vnet"
          ]
        }
      ]
    },
    {
      "module": "module.hub",
      "mode": "managed",
      "type": "azurerm_firewall",
      "name": "hub_fw",
      "provider": "provider[\"registry.terraform.io/hashicorp/azurerm\"]",
      "instances": [
        {
          "schema_version": 0,
          "attributes": {
            "dns_proxy_enabled": false,
            "dns_servers": [],
            "firewall_policy_id": "/subscriptions/99b79efe-ebd6-468c-b39f-5669acb259e1/resourceGroups/04-t1-www-rg/providers/Microsoft.Network/firewallPolicies/hub-fw-policy",
            "id": "/subscriptions/99b79efe-ebd6-468c-b39f-5669acb259e1/resourceGroups/04-t1-www-rg/providers/Microsoft.Network/azureFirewalls/hub-firewall",
            "ip_configuration": [
              {
                "name": "configuration",
                "private_ip_address": "10.1.0.4",
                "public_ip_address_id": "/subscriptions/99b79efe-ebd6-468c-b39f-5669acb259e1/resourceGroups/04-t1-www-rg/providers/Microsoft.Network/publicIPAddresses/hub-fw-pip",
                "subnet_id": "/subscriptions/99b79efe-ebd6-468c-b39f-5669acb259e1/resourceGroups/04-t1-www-rg/providers/Microsoft.Network/virtualNetworks/hub-vnet/subnets/AzureFirewallSubnet"
              }
            ],
            "location": "koreacentral",
            "management_ip_configuration": [],
            "name": "hub-firewall",
            "private_ip_ranges": [],
            "resource_group_name": "04-t1-www-rg",
            "sku_name": "AZFW_VNet",
            "sku_tier": "Standard",
            "tags": {
              "Environment": "Production",
              "ManagedBy": "Terraform",
              "Purpose": "Hub-Firewall"
            },
            "threat_intel_mode": "Alert",
            "timeouts": null,
            "virtual_hub": [],
            "zones": [
              "1",
              "2"
            ]
          },
          "sensitive_attributes": [],
          "identity_schema_version": 0,
          "identity": {
            "name": "hub-firewall",
            "resource_group_name": "04-t1-www-rg",
            "subscription_id": "99b79efe-ebd6-468c-b39f-5669acb259e1"
          },
          "private": "eyJlMmJmYjczMC1lY2FhLTExZTYtOGY4OC0zNDM2M2JjN2M0YzAiOnsiY3JlYXRlIjo1NDAwMDAwMDAwMDAwLCJkZWxldGUiOjU0MDAwMDAwMDAwMDAsInJlYWQiOjMwMDAwMDAwMDAwMCwidXBkYXRlIjo1NDAwMDAwMDAwMDAwfX0=",
          "dependencies": [
            "azurerm_resource_group.rg",
            "module.hub.azurerm_firewall_policy.fw_policy",
            "module.hub.azurerm_public_ip.fw_pip",
            "module.hub.azurerm_subnet.fw_subnet",
            "module.hub.azurerm_virtual_network.hub_vnet"
          ]
        }
      ]
    },
    {
      "module": "module.hub",
      "mode": "managed",
      "type": "azurerm_firewall_policy",
      "name": "fw_policy",
      "provider": "provider[\"registry.terraform.io/hashicorp/azurerm\"]",
      "instances": [
        {
          "schema_version": 0,
          "attributes": {
            "auto_learn_private_ranges_enabled": false,
            "base_policy_id": "",
            "child_policies": [],
            "dns": [],
            "explicit_proxy": [],
            "firewalls": [
              "/subscriptions/99b79efe-ebd6-468c-b39f-5669acb259e1/resourceGroups/04-t1-www-rg/providers/Microsoft.Network/azureFirewalls/hub-firewall"
            ],
            "id": "/subscriptions/99b79efe-ebd6-468c-b39f-5669acb259e1/resourceGroups/04-t1-www-rg/providers/Microsoft.Network/firewallPolicies/hub-fw-policy",
            "identity": [],
            "insights": [],
            "intrusion_detection": [],
            "location": "koreacentral",
            "name": "hub-fw-policy",
            "private_ip_ranges": [],
            "resource_group_name": "04-t1-www-rg",
            "rule_collection_groups": [
              "/subscriptions/99b79efe-ebd6-468c-b39f-5669acb259e1/resourceGroups/04-t1-www-rg/providers/Microsoft.Network/firewallPolicies/hub-fw-policy/ruleCollectionGroups/hub-fw-policy-rcg"
            ],
            "sku": "Standard",
            "sql_redirect_allowed": null,
            "tags": {},
            "threat_intelligence_allowlist": [],
            "threat_intelligence_mode": "Alert",
            "timeouts": null,
            "tls_certificate": []
          },
          "sensitive_attributes": [],
          "identity_schema_version": 0,
          "identity": {
            "name": "hub-fw-policy",
            "resource_group_name": "04-t1-www-rg",
            "subscription_id": "99b79efe-ebd6-468c-b39f-5669acb259e1"
          },
          "private": "eyJlMmJmYjczMC1lY2FhLTExZTYtOGY4OC0zNDM2M2JjN2M0YzAiOnsiY3JlYXRlIjoxODAwMDAwMDAwMDAwLCJkZWxldGUiOjE4MDAwMDAwMDAwMDAsInJlYWQiOjMwMDAwMDAwMDAwMCwidXBkYXRlIjoxODAwMDAwMDAwMDAwfX0=",
          "dependencies": [
            "azurerm_resource_group.rg"
          ]
        }
      ]
    },
    {
      "module": "module.hub",
      "mode": "managed",
      "type": "azurerm_firewall_policy_rule_collection_group",
      "name": "fw_policy_rcg",
      "provider": "provider[\"registry.terraform.io/hashicorp/azurerm\"]",
      "instances": [
        {
          "schema_version": 0,
          "attributes": {
            "application_rule_collection": [
              {
                "action": "Allow",
                "name": "app_rules",
                "priority": 100,
                "rule": [
                  {
                    "description": "",
                    "destination_addresses": [],
                    "destination_fqdn_tags": [],
                    "destination_fqdns": [
                      "*.update.microsoft.com",
                      "*.windowsupdate.com"
                    ],
                    "destination_urls": [],
                    "http_headers": [],
                    "name": "Allow-Windows-Update",
                    "protocols": [
                      {
                        "port": 80,
                        "type": "Http"
                      },
                      {
                        "port": 443,
                        "type": "Https"
                      }
                    ],
                    "source_addresses": [
                      "*"
                    ],
                    "source_ip_groups": [],
                    "terminate_tls": false,
                    "web_categories": []
                  },
                  {
                    "description": "",
                    "destination_addresses": [],
                    "destination_fqdn_tags": [],
                    "destination_fqdns": [
                      "management.azure.com",
                      "login.microsoftonline.com"
                    ],
                    "destination_urls": [],
                    "http_headers": [],
                    "name": "Allow-Azure-Services",
                    "protocols": [
                      {
                        "port": 443,
                        "type": "Https"
                      }
                    ],
                    "source_addresses": [
                      "*"
                    ],
                    "source_ip_groups": [],
                    "terminate_tls": false,
                    "web_categories": []
                  }
                ]
              }
            ],
            "firewall_policy_id": "/subscriptions/99b79efe-ebd6-468c-b39f-5669acb259e1/resourceGroups/04-t1-www-rg/providers/Microsoft.Network/firewallPolicies/hub-fw-policy",
            "id": "/subscriptions/99b79efe-ebd6-468c-b39f-5669acb259e1/resourceGroups/04-t1-www-rg/providers/Microsoft.Network/firewallPolicies/hub-fw-policy/ruleCollectionGroups/hub-fw-policy-rcg",
            "name": "hub-fw-policy-rcg",
            "nat_rule_collection": [],
            "network_rule_collection": [
              {
                "action": "Allow",
                "name": "network_rules",
                "priority": 200,
                "rule": [
                  {
                    "description": "",
                    "destination_addresses": [
                      "*"
                    ],
                    "destination_fqdns": [],
                    "destination_ip_groups": [],
                    "destination_ports": [
                      "53"
                    ],
                    "name": "Allow-DNS",
                    "protocols": [
                      "UDP",
                      "TCP"
                    ],
                    "source_addresses": [
                      "*"
                    ],
                    "source_ip_groups": []
                  },
                  {
                    "description": "",
                    "destination_addresses": [
                      "*"
                    ],
                    "destination_fqdns": [],
                    "destination_ip_groups": [],
                    "destination_ports": [
                      "123"
                    ],
                    "name": "Allow-NTP",
                    "protocols": [
                      "UDP"
                    ],
                    "source_addresses": [
                      "*"
                    ],
                    "source_ip_groups": []
                  }
                ]
              }
            ],
            "priority": 100,
            "timeouts": null
          },
          "sensitive_attributes": [],
          "identity_schema_version": 0,
          "private": "eyJlMmJmYjczMC1lY2FhLTExZTYtOGY4OC0zNDM2M2JjN2M0YzAiOnsiY3JlYXRlIjoxODAwMDAwMDAwMDAwLCJkZWxldGUiOjE4MDAwMDAwMDAwMDAsInJlYWQiOjMwMDAwMDAwMDAwMCwidXBkYXRlIjoxODAwMDAwMDAwMDAwfX0=",
          "dependencies": [
            "azurerm_resource_group.rg",
            "module.hub.azurerm_firewall_policy.fw_policy"
          ]
        }
      ]
    },
    {
      "module": "module.hub",
      "mode": "managed",
      "type": "azurerm_public_ip",
      "name": "bastion_pip",
      "provider": "provider[\"registry.terraform.io/hashicorp/azurerm\"]",
      "instances": [
        {
          "schema_version": 0,
          "attributes": {
            "allocation_method": "Static",
            "ddos_protection_mode": "VirtualNetworkInherited",
            "ddos_protection_plan_id": null,
            "domain_name_label": null,
            "domain_name_label_scope": null,
            "edge_zone": "",
            "fqdn": null,
            "id": "/subscriptions/99b79efe-ebd6-468c-b39f-5669acb259e1/resourceGroups/04-t1-www-rg/providers/Microsoft.Network/publicIPAddresses/hub-bastion-pip",
            "idle_timeout_in_minutes": 4,
            "ip_address": "20.41.87.56",
            "ip_tags": {},
            "ip_version": "IPv4",
            "location": "koreacentral",
            "name": "hub-bastion-pip",
            "public_ip_prefix_id": null,
            "resource_group_name": "04-t1-www-rg",
            "reverse_fqdn": null,
            "sku": "Standard",
            "sku_tier": "Regional",
            "tags": {},
            "timeouts": null,
            "zones": []
          },
          "sensitive_attributes": [],
          "identity_schema_version": 0,
          "private": "eyJlMmJmYjczMC1lY2FhLTExZTYtOGY4OC0zNDM2M2JjN2M0YzAiOnsiY3JlYXRlIjoxODAwMDAwMDAwMDAwLCJkZWxldGUiOjE4MDAwMDAwMDAwMDAsInJlYWQiOjMwMDAwMDAwMDAwMCwidXBkYXRlIjoxODAwMDAwMDAwMDAwfX0=",
          "dependencies": [
            "azurerm_resource_group.rg"
          ]
        }
      ]
    },
    {
      "module": "module.hub",
      "mode": "managed",
      "type": "azurerm_public_ip",
      "name": "fw_pip",
      "provider": "provider[\"registry.terraform.io/hashicorp/azurerm\"]",
      "instances": [
        {
          "schema_version": 0,
          "attributes": {
            "allocation_method": "Static",
            "ddos_protection_mode": "VirtualNetworkInherited",
            "ddos_protection_plan_id": null,
            "domain_name_label": null,
            "domain_name_label_scope": null,
            "edge_zone": "",
            "fqdn": null,
            "id": "/subscriptions/99b79efe-ebd6-468c-b39f-5669acb259e1/resourceGroups/04-t1-www-rg/providers/Microsoft.Network/publicIPAddresses/hub-fw-pip",
            "idle_timeout_in_minutes": 4,
            "ip_address": "20.249.156.139",
            "ip_tags": {},
            "ip_version": "IPv4",
            "location": "koreacentral",
            "name": "hub-fw-pip",
            "public_ip_prefix_id": null,
            "resource_group_name": "04-t1-www-rg",
            "reverse_fqdn": null,
            "sku": "Standard",
            "sku_tier": "Regional",
            "tags": {
              "Environment": "Production",
              "ManagedBy": "Terraform",
              "Purpose": "Firewall-PIP"
            },
            "timeouts": null,
            "zones": [
              "1",
              "2",
              "3"
            ]
          },
          "sensitive_attributes": [],
          "identity_schema_version": 0,
          "private": "eyJlMmJmYjczMC1lY2FhLTExZTYtOGY4OC0zNDM2M2JjN2M0YzAiOnsiY3JlYXRlIjoxODAwMDAwMDAwMDAwLCJkZWxldGUiOjE4MDAwMDAwMDAwMDAsInJlYWQiOjMwMDAwMDAwMDAwMCwidXBkYXRlIjoxODAwMDAwMDAwMDAwfX0=",
          "dependencies": [
            "azurerm_resource_group.rg"
          ]
        }
      ]
    },
    {
      "module": "module.hub",
      "mode": "managed",
      "type": "azurerm_subnet",
      "name": "bastion_subnet",
      "provider": "provider[\"registry.terraform.io/hashicorp/azurerm\"]",
      "instances": [
        {
          "schema_version": 0,
          "attributes": {
            "address_prefixes": [
              "10.1.1.0/24"
            ],
            "default_outbound_access_enabled": true,
            "delegation": [],
            "id": "/subscriptions/99b79efe-ebd6-468c-b39f-5669acb259e1/resourceGroups/04-t1-www-rg/providers/Microsoft.Network/virtualNetworks/hub-vnet/subnets/AzureBastionSubnet",
            "ip_address_pool": [],
            "name": "AzureBastionSubnet",
            "private_endpoint_network_policies": "Disabled",
            "private_link_service_network_policies_enabled": true,
            "resource_group_name": "04-t1-www-rg",
            "service_endpoint_policy_ids": [],
            "service_endpoints": [],
            "sharing_scope": "",
            "timeouts": null,
            "virtual_network_name": "hub-vnet"
          },
          "sensitive_attributes": [],
          "identity_schema_version": 0,
          "identity": {
            "name": "AzureBastionSubnet",
            "resource_group_name": "04-t1-www-rg",
            "subscription_id": "99b79efe-ebd6-468c-b39f-5669acb259e1",
            "virtual_network_name": "hub-vnet"
          },
          "private": "eyJlMmJmYjczMC1lY2FhLTExZTYtOGY4OC0zNDM2M2JjN2M0YzAiOnsiY3JlYXRlIjoxODAwMDAwMDAwMDAwLCJkZWxldGUiOjE4MDAwMDAwMDAwMDAsInJlYWQiOjMwMDAwMDAwMDAwMCwidXBkYXRlIjoxODAwMDAwMDAwMDAwfX0=",
          "dependencies": [
            "azurerm_resource_group.rg",
            "module.hub.azurerm_virtual_network.hub_vnet"
          ]
        }
      ]
    },
    {
      "module": "module.hub",
      "mode": "managed",
      "type": "azurerm_subnet",
      "name": "fw_subnet",
      "provider": "provider[\"registry.terraform.io/hashicorp/azurerm\"]",
      "instances": [
        {
          "schema_version": 0,
          "attributes": {
            "address_prefixes": [
              "10.1.0.0/24"
            ],
            "default_outbound_access_enabled": true,
            "delegation": [],
            "id": "/subscriptions/99b79efe-ebd6-468c-b39f-5669acb259e1/resourceGroups/04-t1-www-rg/providers/Microsoft.Network/virtualNetworks/hub-vnet/subnets/AzureFirewallSubnet",
            "ip_address_pool": [],
            "name": "AzureFirewallSubnet",
            "private_endpoint_network_policies": "Disabled",
            "private_link_service_network_policies_enabled": true,
            "resource_group_name": "04-t1-www-rg",
            "service_endpoint_policy_ids": [],
            "service_endpoints": [],
            "sharing_scope": "",
            "timeouts": null,
            "virtual_network_name": "hub-vnet"
          },
          "sensitive_attributes": [],
          "identity_schema_version": 0,
          "identity": {
            "name": "AzureFirewallSubnet",
            "resource_group_name": "04-t1-www-rg",
            "subscription_id": "99b79efe-ebd6-468c-b39f-5669acb259e1",
            "virtual_network_name": "hub-vnet"
          },
          "private": "eyJlMmJmYjczMC1lY2FhLTExZTYtOGY4OC0zNDM2M2JjN2M0YzAiOnsiY3JlYXRlIjoxODAwMDAwMDAwMDAwLCJkZWxldGUiOjE4MDAwMDAwMDAwMDAsInJlYWQiOjMwMDAwMDAwMDAwMCwidXBkYXRlIjoxODAwMDAwMDAwMDAwfX0=",
          "dependencies": [
            "azurerm_resource_group.rg",
            "module.hub.azurerm_virtual_network.hub_vnet"
          ]
        }
      ]
    },
    {
      "module": "module.hub",
      "mode": "managed",
      "type": "azurerm_subnet",
      "name": "gateway_subnet",
      "provider": "provider[\"registry.terraform.io/hashicorp/azurerm\"]",
      "instances": [
        {
          "schema_version": 0,
          "attributes": {
            "address_prefixes": [
              "10.1.2.0/24"
            ],
            "default_outbound_access_enabled": true,
            "delegation": [],
            "id": "/subscriptions/99b79efe-ebd6-468c-b39f-5669acb259e1/resourceGroups/04-t1-www-rg/providers/Microsoft.Network/virtualNetworks/hub-vnet/subnets/GatewaySubnet",
            "ip_address_pool": [],
            "name": "GatewaySubnet",
            "private_endpoint_network_policies": "Disabled",
            "private_link_service_network_policies_enabled": true,
            "resource_group_name": "04-t1-www-rg",
            "service_endpoint_policy_ids": [],
            "service_endpoints": [],
            "sharing_scope": "",
            "timeouts": null,
            "virtual_network_name": "hub-vnet"
          },
          "sensitive_attributes": [],
          "identity_schema_version": 0,
          "identity": {
            "name": "GatewaySubnet",
            "resource_group_name": "04-t1-www-rg",
            "subscription_id": "99b79efe-ebd6-468c-b39f-5669acb259e1",
            "virtual_network_name": "hub-vnet"
          },
          "private": "eyJlMmJmYjczMC1lY2FhLTExZTYtOGY4OC0zNDM2M2JjN2M0YzAiOnsiY3JlYXRlIjoxODAwMDAwMDAwMDAwLCJkZWxldGUiOjE4MDAwMDAwMDAwMDAsInJlYWQiOjMwMDAwMDAwMDAwMCwidXBkYXRlIjoxODAwMDAwMDAwMDAwfX0=",
          "dependencies": [
            "azurerm_resource_group.rg",
            "module.hub.azurerm_virtual_network.hub_vnet"
          ]
        }
      ]
    },
    {
      "module": "module.hub",
      "mode": "managed",
      "type": "azurerm_virtual_network",
      "name": "hub_vnet",
      "provider": "provider[\"registry.terraform.io/hashicorp/azurerm\"]",
      "instances": [
        {
          "schema_version": 0,
          "attributes": {
            "address_space": [
              "10.1.0.0/16"
            ],
            "bgp_community": "",
            "ddos_protection_plan": [],
            "dns_servers": [],
            "edge_zone": "",
            "encryption": [],
            "flow_timeout_in_minutes": 0,
            "guid": "035c6c00-fa9c-46ff-bd25-71179cd33e3c",
            "id": "/subscriptions/99b79efe-ebd6-468c-b39f-5669acb259e1/resourceGroups/04-t1-www-rg/providers/Microsoft.Network/virtualNetworks/hub-vnet",
            "ip_address_pool": [],
            "location": "koreacentral",
            "name": "hub-vnet",
            "private_endpoint_vnet_policies": "Disabled",
            "resource_group_name": "04-t1-www-rg",
            "subnet": [
              {
                "address_prefixes": [
                  "10.1.0.0/24"
                ],
                "default_outbound_access_enabled": true,
                "delegation": [],
                "id": "/subscriptions/99b79efe-ebd6-468c-b39f-5669acb259e1/resourceGroups/04-t1-www-rg/providers/Microsoft.Network/virtualNetworks/hub-vnet/subnets/AzureFirewallSubnet",
                "name": "AzureFirewallSubnet",
                "private_endpoint_network_policies": "Disabled",
                "private_link_service_network_policies_enabled": true,
                "route_table_id": "",
                "security_group": "",
                "service_endpoint_policy_ids": [],
                "service_endpoints": []
              },
              {
                "address_prefixes": [
                  "10.1.1.0/24"
                ],
                "default_outbound_access_enabled": true,
                "delegation": [],
                "id": "/subscriptions/99b79efe-ebd6-468c-b39f-5669acb259e1/resourceGroups/04-t1-www-rg/providers/Microsoft.Network/virtualNetworks/hub-vnet/subnets/AzureBastionSubnet",
                "name": "AzureBastionSubnet",
                "private_endpoint_network_policies": "Disabled",
                "private_link_service_network_policies_enabled": true,
                "route_table_id": "",
                "security_group": "/subscriptions/99b79efe-ebd6-468c-b39f-5669acb259e1/resourceGroups/04-t1-www-rg/providers/Microsoft.Network/networkSecurityGroups/hub-nsg-bastion",
                "service_endpoint_policy_ids": [],
                "service_endpoints": []
              },
              {
                "address_prefixes": [
                  "10.1.2.0/24"
                ],
                "default_outbound_access_enabled": true,
                "delegation": [],
                "id": "/subscriptions/99b79efe-ebd6-468c-b39f-5669acb259e1/resourceGroups/04-t1-www-rg/providers/Microsoft.Network/virtualNetworks/hub-vnet/subnets/GatewaySubnet",
                "name": "GatewaySubnet",
                "private_endpoint_network_policies": "Disabled",
                "private_link_service_network_policies_enabled": true,
                "route_table_id": "",
                "security_group": "",
                "service_endpoint_policy_ids": [],
                "service_endpoints": []
              }
            ],
            "tags": {
              "Environment": "Production",
              "ManagedBy": "Terraform",
              "Purpose": "Hub-Network"
            },
            "timeouts": null
          },
          "sensitive_attributes": [],
          "identity_schema_version": 0,
          "identity": {
            "name": "hub-vnet",
            "resource_group_name": "04-t1-www-rg",
            "subscription_id": "99b79efe-ebd6-468c-b39f-5669acb259e1"
          },
          "private": "eyJlMmJmYjczMC1lY2FhLTExZTYtOGY4OC0zNDM2M2JjN2M0YzAiOnsiY3JlYXRlIjoxODAwMDAwMDAwMDAwLCJkZWxldGUiOjE4MDAwMDAwMDAwMDAsInJlYWQiOjMwMDAwMDAwMDAwMCwidXBkYXRlIjoxODAwMDAwMDAwMDAwfX0=",
          "dependencies": [
            "azurerm_resource_group.rg"
          ]
        }
      ]
    },
    {
      "module": "module.network_central",
      "mode": "managed",
      "type": "azurerm_application_gateway",
      "name": "appgw",
      "provider": "provider[\"registry.terraform.io/hashicorp/azurerm\"]",
      "instances": [
        {
          "index_key": 0,
          "schema_version": 0,
          "attributes": {
            "authentication_certificate": [],
            "autoscale_configuration": [],
            "backend_address_pool": [
              {
                "fqdns": [],
                "id": "/subscriptions/99b79efe-ebd6-468c-b39f-5669acb259e1/resourceGroups/04-t1-www-rg/providers/Microsoft.Network/applicationGateways/www-appgw/backendAddressPools/www-backend-pool",
                "ip_addresses": [],
                "name": "www-backend-pool"
              }
            ],
            "backend_http_settings": [
              {
                "affinity_cookie_name": "",
                "authentication_certificate": [],
                "connection_draining": [],
                "cookie_based_affinity": "Disabled",
                "dedicated_backend_connection_enabled": false,
                "host_name": "",
                "id": "/subscriptions/99b79efe-ebd6-468c-b39f-5669acb259e1/resourceGroups/04-t1-www-rg/providers/Microsoft.Network/applicationGateways/www-appgw/backendHttpSettingsCollection/www-http-settings",
                "name": "www-http-settings",
                "path": "",
                "pick_host_name_from_backend_address": true,
                "port": 80,
                "probe_id": "/subscriptions/99b79efe-ebd6-468c-b39f-5669acb259e1/resourceGroups/04-t1-www-rg/providers/Microsoft.Network/applicationGateways/www-appgw/probes/www-health-probe",
                "probe_name": "www-health-probe",
                "protocol": "Http",
                "request_timeout": 60,
                "trusted_root_certificate_names": []
              }
            ],
            "custom_error_configuration": [],
            "enable_http2": false,
            "fips_enabled": false,
            "firewall_policy_id": "",
            "force_firewall_policy_association": false,
            "frontend_ip_configuration": [
              {
                "id": "/subscriptions/99b79efe-ebd6-468c-b39f-5669acb259e1/resourceGroups/04-t1-www-rg/providers/Microsoft.Network/applicationGateways/www-appgw/frontendIPConfigurations/appgw-frontend-ip",
                "name": "appgw-frontend-ip",
                "private_ip_address": "",
                "private_ip_address_allocation": "Dynamic",
                "private_link_configuration_id": "",
                "private_link_configuration_name": "",
                "public_ip_address_id": "/subscriptions/99b79efe-ebd6-468c-b39f-5669acb259e1/resourceGroups/04-t1-www-rg/providers/Microsoft.Network/publicIPAddresses/www-appgw-pip",
                "subnet_id": ""
              }
            ],
            "frontend_port": [
              {
                "id": "/subscriptions/99b79efe-ebd6-468c-b39f-5669acb259e1/resourceGroups/04-t1-www-rg/providers/Microsoft.Network/applicationGateways/www-appgw/frontendPorts/http-port",
                "name": "http-port",
                "port": 80
              }
            ],
            "gateway_ip_configuration": [
              {
                "id": "/subscriptions/99b79efe-ebd6-468c-b39f-5669acb259e1/resourceGroups/04-t1-www-rg/providers/Microsoft.Network/applicationGateways/www-appgw/gatewayIPConfigurations/appgw-ip-config",
                "name": "appgw-ip-config",
                "subnet_id": "/subscriptions/99b79efe-ebd6-468c-b39f-5669acb259e1/resourceGroups/04-t1-www-rg/providers/Microsoft.Network/virtualNetworks/vnet0/subnets/www-appgw"
              }
            ],
            "global": [],
            "http_listener": [
              {
                "custom_error_configuration": [],
                "firewall_policy_id": "",
                "frontend_ip_configuration_id": "/subscriptions/99b79efe-ebd6-468c-b39f-5669acb259e1/resourceGroups/04-t1-www-rg/providers/Microsoft.Network/applicationGateways/www-appgw/frontendIPConfigurations/appgw-frontend-ip",
                "frontend_ip_configuration_name": "appgw-frontend-ip",
                "frontend_port_id": "/subscriptions/99b79efe-ebd6-468c-b39f-5669acb259e1/resourceGroups/04-t1-www-rg/providers/Microsoft.Network/applicationGateways/www-appgw/frontendPorts/http-port",
                "frontend_port_name": "http-port",
                "host_name": "",
                "host_names": [],
                "id": "/subscriptions/99b79efe-ebd6-468c-b39f-5669acb259e1/resourceGroups/04-t1-www-rg/providers/Microsoft.Network/applicationGateways/www-appgw/httpListeners/www-listener",
                "name": "www-listener",
                "protocol": "Http",
                "require_sni": false,
                "ssl_certificate_id": "",
                "ssl_certificate_name": "",
                "ssl_profile_id": "",
                "ssl_profile_name": ""
              }
            ],
            "id": "/subscriptions/99b79efe-ebd6-468c-b39f-5669acb259e1/resourceGroups/04-t1-www-rg/providers/Microsoft.Network/applicationGateways/www-appgw",
            "identity": [],
            "location": "koreacentral",
            "name": "www-appgw",
            "private_endpoint_connection": [],
            "private_link_configuration": [],
            "probe": [
              {
                "host": "",
                "id": "/subscriptions/99b79efe-ebd6-468c-b39f-5669acb259e1/resourceGroups/04-t1-www-rg/providers/Microsoft.Network/applicationGateways/www-appgw/probes/www-health-probe",
                "interval": 30,
                "match": [
                  {
                    "body": "",
                    "status_code": [
                      "200-399"
                    ]
                  }
                ],
                "minimum_servers": 0,
                "name": "www-health-probe",
                "path": "/health.html",
                "pick_host_name_from_backend_http_settings": true,
                "port": 0,
                "protocol": "Http",
                "timeout": 30,
                "unhealthy_threshold": 3
              }
            ],
            "redirect_configuration": [],
            "request_routing_rule": [
              {
                "backend_address_pool_id": "/subscriptions/99b79efe-ebd6-468c-b39f-5669acb259e1/resourceGroups/04-t1-www-rg/providers/Microsoft.Network/applicationGateways/www-appgw/backendAddressPools/www-backend-pool",
                "backend_address_pool_name": "www-backend-pool",
                "backend_http_settings_id": "/subscriptions/99b79efe-ebd6-468c-b39f-5669acb259e1/resourceGroups/04-t1-www-rg/providers/Microsoft.Network/applicationGateways/www-appgw/backendHttpSettingsCollection/www-http-settings",
                "backend_http_settings_name": "www-http-settings",
                "http_listener_id": "/subscriptions/99b79efe-ebd6-468c-b39f-5669acb259e1/resourceGroups/04-t1-www-rg/providers/Microsoft.Network/applicationGateways/www-appgw/httpListeners/www-listener",
                "http_listener_name": "www-listener",
                "id": "/subscriptions/99b79efe-ebd6-468c-b39f-5669acb259e1/resourceGroups/04-t1-www-rg/providers/Microsoft.Network/applicationGateways/www-appgw/requestRoutingRules/www-routing-rule",
                "name": "www-routing-rule",
                "priority": 100,
                "redirect_configuration_id": "",
                "redirect_configuration_name": "",
                "rewrite_rule_set_id": "",
                "rewrite_rule_set_name": "",
                "rule_type": "Basic",
                "url_path_map_id": "",
                "url_path_map_name": ""
              }
            ],
            "resource_group_name": "04-t1-www-rg",
            "rewrite_rule_set": [],
            "sku": [
              {
                "capacity": 2,
                "name": "WAF_v2",
                "tier": "WAF_v2"
              }
            ],
            "ssl_certificate": [],
            "ssl_policy": [
              {
                "cipher_suites": [],
                "disabled_protocols": [],
                "min_protocol_version": "",
                "policy_name": "AppGwSslPolicy20220101",
                "policy_type": "Predefined"
              }
            ],
            "ssl_profile": [],
            "tags": {
              "Environment": "Production",
              "ManagedBy": "Terraform",
              "Purpose": "Application-Gateway-WAF"
            },
            "timeouts": null,
            "trusted_client_certificate": [],
            "trusted_root_certificate": [],
            "url_path_map": [],
            "waf_configuration": [
              {
                "disabled_rule_group": [],
                "enabled": true,
                "exclusion": [],
                "file_upload_limit_mb": 100,
                "firewall_mode": "Prevention",
                "max_request_body_size_kb": 128,
                "request_body_check": true,
                "rule_set_type": "OWASP",
                "rule_set_version": "3.2"
              }
            ],
            "zones": [
              "1",
              "2"
            ]
          },
          "sensitive_attributes": [],
          "identity_schema_version": 0,
          "identity": {
            "name": "www-appgw",
            "resource_group_name": "04-t1-www-rg",
            "subscription_id": "99b79efe-ebd6-468c-b39f-5669acb259e1"
          },
          "private": "eyJlMmJmYjczMC1lY2FhLTExZTYtOGY4OC0zNDM2M2JjN2M0YzAiOnsiY3JlYXRlIjo1NDAwMDAwMDAwMDAwLCJkZWxldGUiOjU0MDAwMDAwMDAwMDAsInJlYWQiOjMwMDAwMDAwMDAwMCwidXBkYXRlIjo1NDAwMDAwMDAwMDAwfX0=",
          "dependencies": [
            "azurerm_resource_group.rg",
            "module.network_central.azurerm_public_ip.appgw_pip",
            "module.network_central.azurerm_subnet.subnets",
            "module.network_central.azurerm_virtual_network.vnet",
            "module.network_central.data.azurerm_key_vault_certificate.ssl"
          ]
        }
      ]
    },
    {
      "module": "module.network_central",
      "mode": "managed",
      "type": "azurerm_lb",
      "name": "vmss_lb",
      "provider": "provider[\"registry.terraform.io/hashicorp/azurerm\"]",
      "instances": [
        {
          "schema_version": 0,
          "attributes": {
            "edge_zone": "",
            "frontend_ip_configuration": [
              {
                "gateway_load_balancer_frontend_ip_configuration_id": "",
                "id": "/subscriptions/99b79efe-ebd6-468c-b39f-5669acb259e1/resourceGroups/04-t1-www-rg/providers/Microsoft.Network/loadBalancers/www-lb/frontendIPConfigurations/PublicIPAddress",
                "inbound_nat_rules": [
                  "/subscriptions/99b79efe-ebd6-468c-b39f-5669acb259e1/resourceGroups/04-t1-www-rg/providers/Microsoft.Network/loadBalancers/www-lb/inboundNatRules/ssh-nat-pool.0",
                  "/subscriptions/99b79efe-ebd6-468c-b39f-5669acb259e1/resourceGroups/04-t1-www-rg/providers/Microsoft.Network/loadBalancers/www-lb/inboundNatRules/ssh-nat-pool.1"
                ],
                "load_balancer_rules": [
                  "/subscriptions/99b79efe-ebd6-468c-b39f-5669acb259e1/resourceGroups/04-t1-www-rg/providers/Microsoft.Network/loadBalancers/www-lb/loadBalancingRules/http"
                ],
                "name": "PublicIPAddress",
                "outbound_rules": [],
                "private_ip_address": "",
                "private_ip_address_allocation": "Dynamic",
                "private_ip_address_version": "",
                "public_ip_address_id": "/subscriptions/99b79efe-ebd6-468c-b39f-5669acb259e1/resourceGroups/04-t1-www-rg/providers/Microsoft.Network/publicIPAddresses/www-lb-pip",
                "public_ip_prefix_id": "",
                "subnet_id": "",
                "zones": []
              }
            ],
            "id": "/subscriptions/99b79efe-ebd6-468c-b39f-5669acb259e1/resourceGroups/04-t1-www-rg/providers/Microsoft.Network/loadBalancers/www-lb",
            "location": "koreacentral",
            "name": "www-lb",
            "private_ip_address": "",
            "private_ip_addresses": [],
            "public_ip_address_id": null,
            "resource_group_name": "04-t1-www-rg",
            "sku": "Standard",
            "sku_tier": "Regional",
            "subnet_id": null,
            "tags": {
              "Environment": "Production",
              "ManagedBy": "Terraform",
              "Purpose": "Load-Balancer"
            },
            "timeouts": null
          },
          "sensitive_attributes": [],
          "identity_schema_version": 0,
          "private": "eyJlMmJmYjczMC1lY2FhLTExZTYtOGY4OC0zNDM2M2JjN2M0YzAiOnsiY3JlYXRlIjoxODAwMDAwMDAwMDAwLCJkZWxldGUiOjE4MDAwMDAwMDAwMDAsInJlYWQiOjMwMDAwMDAwMDAwMCwidXBkYXRlIjoxODAwMDAwMDAwMDAwfX0=",
          "dependencies": [
            "azurerm_resource_group.rg",
            "module.network_central.azurerm_public_ip.lb_pip"
          ]
        }
      ]
    },
    {
      "module": "module.network_central",
      "mode": "managed",
      "type": "azurerm_lb",
      "name": "was_lb",
      "provider": "provider[\"registry.terraform.io/hashicorp/azurerm\"]",
      "instances": [
        {
          "schema_version": 0,
          "attributes": {
            "edge_zone": "",
            "frontend_ip_configuration": [
              {
                "gateway_load_balancer_frontend_ip_configuration_id": "",
                "id": "/subscriptions/99b79efe-ebd6-468c-b39f-5669acb259e1/resourceGroups/04-t1-www-rg/providers/Microsoft.Network/loadBalancers/www-was-lb/frontendIPConfigurations/InternalIPAddress",
                "inbound_nat_rules": [],
                "load_balancer_rules": [
                  "/subscriptions/99b79efe-ebd6-468c-b39f-5669acb259e1/resourceGroups/04-t1-www-rg/providers/Microsoft.Network/loadBalancers/www-was-lb/loadBalancingRules/was-http"
                ],
                "name": "InternalIPAddress",
                "outbound_rules": [],
                "private_ip_address": "192.168.5.4",
                "private_ip_address_allocation": "Dynamic",
                "private_ip_address_version": "IPv4",
                "public_ip_address_id": "",
                "public_ip_prefix_id": "",
                "subnet_id": "/subscriptions/99b79efe-ebd6-468c-b39f-5669acb259e1/resourceGroups/04-t1-www-rg/providers/Microsoft.Network/virtualNetworks/vnet0/subnets/www-was",
                "zones": []
              }
            ],
            "id": "/subscriptions/99b79efe-ebd6-468c-b39f-5669acb259e1/resourceGroups/04-t1-www-rg/providers/Microsoft.Network/loadBalancers/www-was-lb",
            "location": "koreacentral",
            "name": "www-was-lb",
            "private_ip_address": "192.168.5.4",
            "private_ip_addresses": [
              "192.168.5.4"
            ],
            "public_ip_address_id": null,
            "resource_group_name": "04-t1-www-rg",
            "sku": "Standard",
            "sku_tier": "Regional",
            "subnet_id": null,
            "tags": {
              "Environment": "Production",
              "ManagedBy": "Terraform",
              "Purpose": "WAS-Load-Balancer"
            },
            "timeouts": null
          },
          "sensitive_attributes": [],
          "identity_schema_version": 0,
          "private": "eyJlMmJmYjczMC1lY2FhLTExZTYtOGY4OC0zNDM2M2JjN2M0YzAiOnsiY3JlYXRlIjoxODAwMDAwMDAwMDAwLCJkZWxldGUiOjE4MDAwMDAwMDAwMDAsInJlYWQiOjMwMDAwMDAwMDAwMCwidXBkYXRlIjoxODAwMDAwMDAwMDAwfX0=",
          "dependencies": [
            "azurerm_resource_group.rg",
            "module.network_central.azurerm_subnet.subnets",
            "module.network_central.azurerm_virtual_network.vnet"
          ]
        }
      ]
    },
    {
      "module": "module.network_central",
      "mode": "managed",
      "type": "azurerm_lb_backend_address_pool",
      "name": "bpepool",
      "provider": "provider[\"registry.terraform.io/hashicorp/azurerm\"]",
      "instances": [
        {
          "schema_version": 0,
          "attributes": {
            "backend_ip_configurations": [
              "/subscriptions/99b79efe-ebd6-468c-b39f-5669acb259e1/resourceGroups/04-t1-www-rg/providers/Microsoft.Compute/virtualMachineScaleSets/web-vmss/virtualMachines/0/networkInterfaces/vmss-nic/ipConfigurations/internal",
              "/subscriptions/99b79efe-ebd6-468c-b39f-5669acb259e1/resourceGroups/04-t1-www-rg/providers/Microsoft.Compute/virtualMachineScaleSets/web-vmss/virtualMachines/1/networkInterfaces/vmss-nic/ipConfigurations/internal"
            ],
            "id": "/subscriptions/99b79efe-ebd6-468c-b39f-5669acb259e1/resourceGroups/04-t1-www-rg/providers/Microsoft.Network/loadBalancers/www-lb/backendAddressPools/www-backend-pool",
            "inbound_nat_rules": [],
            "load_balancing_rules": [
              "/subscriptions/99b79efe-ebd6-468c-b39f-5669acb259e1/resourceGroups/04-t1-www-rg/providers/Microsoft.Network/loadBalancers/www-lb/loadBalancingRules/http"
            ],
            "loadbalancer_id": "/subscriptions/99b79efe-ebd6-468c-b39f-5669acb259e1/resourceGroups/04-t1-www-rg/providers/Microsoft.Network/loadBalancers/www-lb",
            "name": "www-backend-pool",
            "outbound_rules": [],
            "synchronous_mode": "",
            "timeouts": null,
            "tunnel_interface": [],
            "virtual_network_id": ""
          },
          "sensitive_attributes": [],
          "identity_schema_version": 0,
          "private": "eyJlMmJmYjczMC1lY2FhLTExZTYtOGY4OC0zNDM2M2JjN2M0YzAiOnsiY3JlYXRlIjoxODAwMDAwMDAwMDAwLCJkZWxldGUiOjE4MDAwMDAwMDAwMDAsInJlYWQiOjMwMDAwMDAwMDAwMCwidXBkYXRlIjoxODAwMDAwMDAwMDAwfX0=",
          "dependencies": [
            "azurerm_resource_group.rg",
            "module.network_central.azurerm_lb.vmss_lb",
            "module.network_central.azurerm_public_ip.lb_pip"
          ]
        }
      ]
    },
    {
      "module": "module.network_central",
      "mode": "managed",
      "type": "azurerm_lb_backend_address_pool",
      "name": "was_backend_pool",
      "provider": "provider[\"registry.terraform.io/hashicorp/azurerm\"]",
      "instances": [
        {
          "schema_version": 0,
          "attributes": {
            "backend_ip_configurations": [
              "/subscriptions/99b79efe-ebd6-468c-b39f-5669acb259e1/resourceGroups/04-t1-www-rg/providers/Microsoft.Compute/virtualMachineScaleSets/was-vmss/virtualMachines/0/networkInterfaces/was-vmss-nic/ipConfigurations/internal"
            ],
            "id": "/subscriptions/99b79efe-ebd6-468c-b39f-5669acb259e1/resourceGroups/04-t1-www-rg/providers/Microsoft.Network/loadBalancers/www-was-lb/backendAddressPools/www-was-backend-pool",
            "inbound_nat_rules": [],
            "load_balancing_rules": [
              "/subscriptions/99b79efe-ebd6-468c-b39f-5669acb259e1/resourceGroups/04-t1-www-rg/providers/Microsoft.Network/loadBalancers/www-was-lb/loadBalancingRules/was-http"
            ],
            "loadbalancer_id": "/subscriptions/99b79efe-ebd6-468c-b39f-5669acb259e1/resourceGroups/04-t1-www-rg/providers/Microsoft.Network/loadBalancers/www-was-lb",
            "name": "www-was-backend-pool",
            "outbound_rules": [],
            "synchronous_mode": "",
            "timeouts": null,
            "tunnel_interface": [],
            "virtual_network_id": ""
          },
          "sensitive_attributes": [],
          "identity_schema_version": 0,
          "private": "eyJlMmJmYjczMC1lY2FhLTExZTYtOGY4OC0zNDM2M2JjN2M0YzAiOnsiY3JlYXRlIjoxODAwMDAwMDAwMDAwLCJkZWxldGUiOjE4MDAwMDAwMDAwMDAsInJlYWQiOjMwMDAwMDAwMDAwMCwidXBkYXRlIjoxODAwMDAwMDAwMDAwfX0=",
          "dependencies": [
            "azurerm_resource_group.rg",
            "module.network_central.azurerm_lb.was_lb",
            "module.network_central.azurerm_subnet.subnets",
            "module.network_central.azurerm_virtual_network.vnet"
          ]
        }
      ]
    },
    {
      "module": "module.network_central",
      "mode": "managed",
      "type": "azurerm_lb_nat_pool",
      "name": "ssh_nat_pool",
      "provider": "provider[\"registry.terraform.io/hashicorp/azurerm\"]",
      "instances": [
        {
          "schema_version": 0,
          "attributes": {
            "backend_port": 22,
            "floating_ip_enabled": false,
            "frontend_ip_configuration_id": "/subscriptions/99b79efe-ebd6-468c-b39f-5669acb259e1/resourceGroups/04-t1-www-rg/providers/Microsoft.Network/loadBalancers/www-lb/frontendIPConfigurations/PublicIPAddress",
            "frontend_ip_configuration_name": "PublicIPAddress",
            "frontend_port_end": 50010,
            "frontend_port_start": 50001,
            "id": "/subscriptions/99b79efe-ebd6-468c-b39f-5669acb259e1/resourceGroups/04-t1-www-rg/providers/Microsoft.Network/loadBalancers/www-lb/inboundNatPools/ssh-nat-pool",
            "idle_timeout_in_minutes": 4,
            "loadbalancer_id": "/subscriptions/99b79efe-ebd6-468c-b39f-5669acb259e1/resourceGroups/04-t1-www-rg/providers/Microsoft.Network/loadBalancers/www-lb",
            "name": "ssh-nat-pool",
            "protocol": "Tcp",
            "resource_group_name": "04-t1-www-rg",
            "tcp_reset_enabled": false,
            "timeouts": null
          },
          "sensitive_attributes": [],
          "identity_schema_version": 0,
          "private": "eyJlMmJmYjczMC1lY2FhLTExZTYtOGY4OC0zNDM2M2JjN2M0YzAiOnsiY3JlYXRlIjoxODAwMDAwMDAwMDAwLCJkZWxldGUiOjE4MDAwMDAwMDAwMDAsInJlYWQiOjMwMDAwMDAwMDAwMCwidXBkYXRlIjoxODAwMDAwMDAwMDAwfX0=",
          "dependencies": [
            "azurerm_resource_group.rg",
            "module.network_central.azurerm_lb.vmss_lb",
            "module.network_central.azurerm_public_ip.lb_pip"
          ]
        }
      ]
    },
    {
      "module": "module.network_central",
      "mode": "managed",
      "type": "azurerm_lb_probe",
      "name": "vmss_probe",
      "provider": "provider[\"registry.terraform.io/hashicorp/azurerm\"]",
      "instances": [
        {
          "schema_version": 0,
          "attributes": {
            "id": "/subscriptions/99b79efe-ebd6-468c-b39f-5669acb259e1/resourceGroups/04-t1-www-rg/providers/Microsoft.Network/loadBalancers/www-lb/probes/http-probe",
            "interval_in_seconds": 15,
            "load_balancer_rules": [
              "/subscriptions/99b79efe-ebd6-468c-b39f-5669acb259e1/resourceGroups/04-t1-www-rg/providers/Microsoft.Network/loadBalancers/www-lb/loadBalancingRules/http"
            ],
            "loadbalancer_id": "/subscriptions/99b79efe-ebd6-468c-b39f-5669acb259e1/resourceGroups/04-t1-www-rg/providers/Microsoft.Network/loadBalancers/www-lb",
            "name": "http-probe",
            "number_of_probes": 2,
            "port": 80,
            "probe_threshold": 1,
            "protocol": "Http",
            "request_path": "/health.html",
            "timeouts": null
          },
          "sensitive_attributes": [],
          "identity_schema_version": 0,
          "private": "eyJlMmJmYjczMC1lY2FhLTExZTYtOGY4OC0zNDM2M2JjN2M0YzAiOnsiY3JlYXRlIjoxODAwMDAwMDAwMDAwLCJkZWxldGUiOjE4MDAwMDAwMDAwMDAsInJlYWQiOjMwMDAwMDAwMDAwMCwidXBkYXRlIjoxODAwMDAwMDAwMDAwfX0=",
          "dependencies": [
            "azurerm_resource_group.rg",
            "module.network_central.azurerm_lb.vmss_lb",
            "module.network_central.azurerm_public_ip.lb_pip"
          ]
        }
      ]
    },
    {
      "module": "module.network_central",
      "mode": "managed",
      "type": "azurerm_lb_probe",
      "name": "was_probe",
      "provider": "provider[\"registry.terraform.io/hashicorp/azurerm\"]",
      "instances": [
        {
          "schema_version": 0,
          "attributes": {
            "id": "/subscriptions/99b79efe-ebd6-468c-b39f-5669acb259e1/resourceGroups/04-t1-www-rg/providers/Microsoft.Network/loadBalancers/www-was-lb/probes/was-http-probe",
            "interval_in_seconds": 15,
            "load_balancer_rules": [
              "/subscriptions/99b79efe-ebd6-468c-b39f-5669acb259e1/resourceGroups/04-t1-www-rg/providers/Microsoft.Network/loadBalancers/www-was-lb/loadBalancingRules/was-http"
            ],
            "loadbalancer_id": "/subscriptions/99b79efe-ebd6-468c-b39f-5669acb259e1/resourceGroups/04-t1-www-rg/providers/Microsoft.Network/loadBalancers/www-was-lb",
            "name": "was-http-probe",
            "number_of_probes": 2,
            "port": 80,
            "probe_threshold": 1,
            "protocol": "Http",
            "request_path": "/health.html",
            "timeouts": null
          },
          "sensitive_attributes": [],
          "identity_schema_version": 0,
          "private": "eyJlMmJmYjczMC1lY2FhLTExZTYtOGY4OC0zNDM2M2JjN2M0YzAiOnsiY3JlYXRlIjoxODAwMDAwMDAwMDAwLCJkZWxldGUiOjE4MDAwMDAwMDAwMDAsInJlYWQiOjMwMDAwMDAwMDAwMCwidXBkYXRlIjoxODAwMDAwMDAwMDAwfX0=",
          "dependencies": [
            "azurerm_resource_group.rg",
            "module.network_central.azurerm_lb.was_lb",
            "module.network_central.azurerm_subnet.subnets",
            "module.network_central.azurerm_virtual_network.vnet"
          ]
        }
      ]
    },
    {
      "module": "module.network_central",
      "mode": "managed",
      "type": "azurerm_lb_rule",
      "name": "vmss_lb_rule",
      "provider": "provider[\"registry.terraform.io/hashicorp/azurerm\"]",
      "instances": [
        {
          "schema_version": 0,
          "attributes": {
            "backend_address_pool_ids": [
              "/subscriptions/99b79efe-ebd6-468c-b39f-5669acb259e1/resourceGroups/04-t1-www-rg/providers/Microsoft.Network/loadBalancers/www-lb/backendAddressPools/www-backend-pool"
            ],
            "backend_port": 80,
            "disable_outbound_snat": false,
            "enable_floating_ip": false,
            "enable_tcp_reset": false,
            "floating_ip_enabled": false,
            "frontend_ip_configuration_id": "/subscriptions/99b79efe-ebd6-468c-b39f-5669acb259e1/resourceGroups/04-t1-www-rg/providers/Microsoft.Network/loadBalancers/www-lb/frontendIPConfigurations/PublicIPAddress",
            "frontend_ip_configuration_name": "PublicIPAddress",
            "frontend_port": 80,
            "id": "/subscriptions/99b79efe-ebd6-468c-b39f-5669acb259e1/resourceGroups/04-t1-www-rg/providers/Microsoft.Network/loadBalancers/www-lb/loadBalancingRules/http",
            "idle_timeout_in_minutes": 4,
            "load_distribution": "Default",
            "loadbalancer_id": "/subscriptions/99b79efe-ebd6-468c-b39f-5669acb259e1/resourceGroups/04-t1-www-rg/providers/Microsoft.Network/loadBalancers/www-lb",
            "name": "http",
            "probe_id": "/subscriptions/99b79efe-ebd6-468c-b39f-5669acb259e1/resourceGroups/04-t1-www-rg/providers/Microsoft.Network/loadBalancers/www-lb/probes/http-probe",
            "protocol": "Tcp",
            "tcp_reset_enabled": false,
            "timeouts": null
          },
          "sensitive_attributes": [],
          "identity_schema_version": 0,
          "private": "eyJlMmJmYjczMC1lY2FhLTExZTYtOGY4OC0zNDM2M2JjN2M0YzAiOnsiY3JlYXRlIjoxODAwMDAwMDAwMDAwLCJkZWxldGUiOjE4MDAwMDAwMDAwMDAsInJlYWQiOjMwMDAwMDAwMDAwMCwidXBkYXRlIjoxODAwMDAwMDAwMDAwfX0=",
          "dependencies": [
            "azurerm_resource_group.rg",
            "module.network_central.azurerm_lb.vmss_lb",
            "module.network_central.azurerm_lb_backend_address_pool.bpepool",
            "module.network_central.azurerm_lb_probe.vmss_probe",
            "module.network_central.azurerm_public_ip.lb_pip"
          ]
        }
      ]
    },
    {
      "module": "module.network_central",
      "mode": "managed",
      "type": "azurerm_lb_rule",
      "name": "was_lb_rule",
      "provider": "provider[\"registry.terraform.io/hashicorp/azurerm\"]",
      "instances": [
        {
          "schema_version": 0,
          "attributes": {
            "backend_address_pool_ids": [
              "/subscriptions/99b79efe-ebd6-468c-b39f-5669acb259e1/resourceGroups/04-t1-www-rg/providers/Microsoft.Network/loadBalancers/www-was-lb/backendAddressPools/www-was-backend-pool"
            ],
            "backend_port": 80,
            "disable_outbound_snat": false,
            "enable_floating_ip": false,
            "enable_tcp_reset": false,
            "floating_ip_enabled": false,
            "frontend_ip_configuration_id": "/subscriptions/99b79efe-ebd6-468c-b39f-5669acb259e1/resourceGroups/04-t1-www-rg/providers/Microsoft.Network/loadBalancers/www-was-lb/frontendIPConfigurations/InternalIPAddress",
            "frontend_ip_configuration_name": "InternalIPAddress",
            "frontend_port": 80,
            "id": "/subscriptions/99b79efe-ebd6-468c-b39f-5669acb259e1/resourceGroups/04-t1-www-rg/providers/Microsoft.Network/loadBalancers/www-was-lb/loadBalancingRules/was-http",
            "idle_timeout_in_minutes": 4,
            "load_distribution": "Default",
            "loadbalancer_id": "/subscriptions/99b79efe-ebd6-468c-b39f-5669acb259e1/resourceGroups/04-t1-www-rg/providers/Microsoft.Network/loadBalancers/www-was-lb",
            "name": "was-http",
            "probe_id": "/subscriptions/99b79efe-ebd6-468c-b39f-5669acb259e1/resourceGroups/04-t1-www-rg/providers/Microsoft.Network/loadBalancers/www-was-lb/probes/was-http-probe",
            "protocol": "Tcp",
            "tcp_reset_enabled": false,
            "timeouts": null
          },
          "sensitive_attributes": [],
          "identity_schema_version": 0,
          "private": "eyJlMmJmYjczMC1lY2FhLTExZTYtOGY4OC0zNDM2M2JjN2M0YzAiOnsiY3JlYXRlIjoxODAwMDAwMDAwMDAwLCJkZWxldGUiOjE4MDAwMDAwMDAwMDAsInJlYWQiOjMwMDAwMDAwMDAwMCwidXBkYXRlIjoxODAwMDAwMDAwMDAwfX0=",
          "dependencies": [
            "azurerm_resource_group.rg",
            "module.network_central.azurerm_lb.was_lb",
            "module.network_central.azurerm_lb_backend_address_pool.was_backend_pool",
            "module.network_central.azurerm_lb_probe.was_probe",
            "module.network_central.azurerm_subnet.subnets",
            "module.network_central.azurerm_virtual_network.vnet"
          ]
        }
      ]
    },
    {
      "module": "module.network_central",
      "mode": "managed",
      "type": "azurerm_nat_gateway",
      "name": "nat_gw",
      "provider": "provider[\"registry.terraform.io/hashicorp/azurerm\"]",
      "instances": [
        {
          "index_key": 0,
          "schema_version": 0,
          "attributes": {
            "id": "/subscriptions/99b79efe-ebd6-468c-b39f-5669acb259e1/resourceGroups/04-t1-www-rg/providers/Microsoft.Network/natGateways/www-nat",
            "idle_timeout_in_minutes": 10,
            "location": "koreacentral",
            "name": "www-nat",
            "resource_group_name": "04-t1-www-rg",
            "resource_guid": "116279de-2443-429d-91a3-03311e11efff",
            "sku_name": "Standard",
            "tags": {
              "Environment": "Production",
              "ManagedBy": "Terraform",
              "Purpose": "NAT-Gateway"
            },
            "timeouts": null,
            "zones": [
              "1"
            ]
          },
          "sensitive_attributes": [],
          "identity_schema_version": 0,
          "identity": {
            "name": "www-nat",
            "resource_group_name": "04-t1-www-rg",
            "subscription_id": "99b79efe-ebd6-468c-b39f-5669acb259e1"
          },
          "private": "eyJlMmJmYjczMC1lY2FhLTExZTYtOGY4OC0zNDM2M2JjN2M0YzAiOnsiY3JlYXRlIjozNjAwMDAwMDAwMDAwLCJkZWxldGUiOjM2MDAwMDAwMDAwMDAsInJlYWQiOjMwMDAwMDAwMDAwMCwidXBkYXRlIjozNjAwMDAwMDAwMDAwfX0=",
          "dependencies": [
            "azurerm_resource_group.rg"
          ]
        }
      ]
    },
    {
      "module": "module.network_central",
      "mode": "managed",
      "type": "azurerm_nat_gateway_public_ip_association",
      "name": "nat_pip_assoc",
      "provider": "provider[\"registry.terraform.io/hashicorp/azurerm\"]",
      "instances": [
        {
          "index_key": 0,
          "schema_version": 0,
          "attributes": {
            "id": "/subscriptions/99b79efe-ebd6-468c-b39f-5669acb259e1/resourceGroups/04-t1-www-rg/providers/Microsoft.Network/natGateways/www-nat|/subscriptions/99b79efe-ebd6-468c-b39f-5669acb259e1/resourceGroups/04-t1-www-rg/providers/Microsoft.Network/publicIPAddresses/www-nat-pip",
            "nat_gateway_id": "/subscriptions/99b79efe-ebd6-468c-b39f-5669acb259e1/resourceGroups/04-t1-www-rg/providers/Microsoft.Network/natGateways/www-nat",
            "public_ip_address_id": "/subscriptions/99b79efe-ebd6-468c-b39f-5669acb259e1/resourceGroups/04-t1-www-rg/providers/Microsoft.Network/publicIPAddresses/www-nat-pip",
            "timeouts": null
          },
          "sensitive_attributes": [],
          "identity_schema_version": 0,
          "private": "eyJlMmJmYjczMC1lY2FhLTExZTYtOGY4OC0zNDM2M2JjN2M0YzAiOnsiY3JlYXRlIjoxODAwMDAwMDAwMDAwLCJkZWxldGUiOjE4MDAwMDAwMDAwMDAsInJlYWQiOjMwMDAwMDAwMDAwMH19",
          "dependencies": [
            "azurerm_resource_group.rg",
            "module.network_central.azurerm_nat_gateway.nat_gw",
            "module.network_central.azurerm_public_ip.nat_pip"
          ]
        }
      ]
    },
    {
      "module": "module.network_central",
      "mode": "managed",
      "type": "azurerm_public_ip",
      "name": "appgw_pip",
      "provider": "provider[\"registry.terraform.io/hashicorp/azurerm\"]",
      "instances": [
        {
          "index_key": 0,
          "schema_version": 0,
          "attributes": {
            "allocation_method": "Static",
            "ddos_protection_mode": "VirtualNetworkInherited",
            "ddos_protection_plan_id": null,
            "domain_name_label": "www-appgw-04-t1-www-rg",
            "domain_name_label_scope": "",
            "edge_zone": "",
            "fqdn": "www-appgw-04-t1-www-rg.koreacentral.cloudapp.azure.com",
            "id": "/subscriptions/99b79efe-ebd6-468c-b39f-5669acb259e1/resourceGroups/04-t1-www-rg/providers/Microsoft.Network/publicIPAddresses/www-appgw-pip",
            "idle_timeout_in_minutes": 4,
            "ip_address": "20.249.121.137",
            "ip_tags": {},
            "ip_version": "IPv4",
            "location": "koreacentral",
            "name": "www-appgw-pip",
            "public_ip_prefix_id": null,
            "resource_group_name": "04-t1-www-rg",
            "reverse_fqdn": "",
            "sku": "Standard",
            "sku_tier": "Regional",
            "tags": {
              "Environment": "Production",
              "ManagedBy": "Terraform",
              "Purpose": "Application-Gateway"
            },
            "timeouts": null,
            "zones": [
              "1",
              "2",
              "3"
            ]
          },
          "sensitive_attributes": [],
          "identity_schema_version": 0,
          "private": "eyJlMmJmYjczMC1lY2FhLTExZTYtOGY4OC0zNDM2M2JjN2M0YzAiOnsiY3JlYXRlIjoxODAwMDAwMDAwMDAwLCJkZWxldGUiOjE4MDAwMDAwMDAwMDAsInJlYWQiOjMwMDAwMDAwMDAwMCwidXBkYXRlIjoxODAwMDAwMDAwMDAwfX0=",
          "dependencies": [
            "azurerm_resource_group.rg"
          ]
        }
      ]
    },
    {
      "module": "module.network_central",
      "mode": "managed",
      "type": "azurerm_public_ip",
      "name": "lb_pip",
      "provider": "provider[\"registry.terraform.io/hashicorp/azurerm\"]",
      "instances": [
        {
          "schema_version": 0,
          "attributes": {
            "allocation_method": "Static",
            "ddos_protection_mode": "VirtualNetworkInherited",
            "ddos_protection_plan_id": null,
            "domain_name_label": "www-lb-koreacentral",
            "domain_name_label_scope": "",
            "edge_zone": "",
            "fqdn": "www-lb-koreacentral.koreacentral.cloudapp.azure.com",
            "id": "/subscriptions/99b79efe-ebd6-468c-b39f-5669acb259e1/resourceGroups/04-t1-www-rg/providers/Microsoft.Network/publicIPAddresses/www-lb-pip",
            "idle_timeout_in_minutes": 4,
            "ip_address": "20.214.121.221",
            "ip_tags": {},
            "ip_version": "IPv4",
            "location": "koreacentral",
            "name": "www-lb-pip",
            "public_ip_prefix_id": null,
            "resource_group_name": "04-t1-www-rg",
            "reverse_fqdn": "",
            "sku": "Standard",
            "sku_tier": "Regional",
            "tags": {
              "Environment": "Production",
              "ManagedBy": "Terraform",
              "Purpose": "Load-Balancer"
            },
            "timeouts": null,
            "zones": [
              "1",
              "2",
              "3"
            ]
          },
          "sensitive_attributes": [],
          "identity_schema_version": 0,
          "private": "eyJlMmJmYjczMC1lY2FhLTExZTYtOGY4OC0zNDM2M2JjN2M0YzAiOnsiY3JlYXRlIjoxODAwMDAwMDAwMDAwLCJkZWxldGUiOjE4MDAwMDAwMDAwMDAsInJlYWQiOjMwMDAwMDAwMDAwMCwidXBkYXRlIjoxODAwMDAwMDAwMDAwfX0=",
          "dependencies": [
            "azurerm_resource_group.rg"
          ]
        }
      ]
    },
    {
      "module": "module.network_central",
      "mode": "managed",
      "type": "azurerm_public_ip",
      "name": "nat_pip",
      "provider": "provider[\"registry.terraform.io/hashicorp/azurerm\"]",
      "instances": [
        {
          "index_key": 0,
          "schema_version": 0,
          "attributes": {
            "allocation_method": "Static",
            "ddos_protection_mode": "VirtualNetworkInherited",
            "ddos_protection_plan_id": null,
            "domain_name_label": null,
            "domain_name_label_scope": null,
            "edge_zone": "",
            "fqdn": null,
            "id": "/subscriptions/99b79efe-ebd6-468c-b39f-5669acb259e1/resourceGroups/04-t1-www-rg/providers/Microsoft.Network/publicIPAddresses/www-nat-pip",
            "idle_timeout_in_minutes": 4,
            "ip_address": "20.196.72.0",
            "ip_tags": {},
            "ip_version": "IPv4",
            "location": "koreacentral",
            "name": "www-nat-pip",
            "public_ip_prefix_id": null,
            "resource_group_name": "04-t1-www-rg",
            "reverse_fqdn": null,
            "sku": "Standard",
            "sku_tier": "Regional",
            "tags": {
              "Environment": "Production",
              "ManagedBy": "Terraform",
              "Purpose": "NAT-Gateway"
            },
            "timeouts": null,
            "zones": [
              "1"
            ]
          },
          "sensitive_attributes": [],
          "identity_schema_version": 0,
          "private": "eyJlMmJmYjczMC1lY2FhLTExZTYtOGY4OC0zNDM2M2JjN2M0YzAiOnsiY3JlYXRlIjoxODAwMDAwMDAwMDAwLCJkZWxldGUiOjE4MDAwMDAwMDAwMDAsInJlYWQiOjMwMDAwMDAwMDAwMCwidXBkYXRlIjoxODAwMDAwMDAwMDAwfX0=",
          "dependencies": [
            "azurerm_resource_group.rg"
          ]
        }
      ]
    },
    {
      "module": "module.network_central",
      "mode": "managed",
      "type": "azurerm_subnet",
      "name": "subnets",
      "provider": "provider[\"registry.terraform.io/hashicorp/azurerm\"]",
      "instances": [
        {
          "index_key": "www-appgw",
          "schema_version": 0,
          "attributes": {
            "address_prefixes": [
              "192.168.3.0/24"
            ],
            "default_outbound_access_enabled": true,
            "delegation": [],
            "id": "/subscriptions/99b79efe-ebd6-468c-b39f-5669acb259e1/resourceGroups/04-t1-www-rg/providers/Microsoft.Network/virtualNetworks/vnet0/subnets/www-appgw",
            "ip_address_pool": [],
            "name": "www-appgw",
            "private_endpoint_network_policies": "Disabled",
            "private_link_service_network_policies_enabled": true,
            "resource_group_name": "04-t1-www-rg",
            "service_endpoint_policy_ids": [],
            "service_endpoints": [],
            "sharing_scope": "",
            "timeouts": null,
            "virtual_network_name": "vnet0"
          },
          "sensitive_attributes": [],
          "identity_schema_version": 0,
          "identity": {
            "name": "www-appgw",
            "resource_group_name": "04-t1-www-rg",
            "subscription_id": "99b79efe-ebd6-468c-b39f-5669acb259e1",
            "virtual_network_name": "vnet0"
          },
          "private": "eyJlMmJmYjczMC1lY2FhLTExZTYtOGY4OC0zNDM2M2JjN2M0YzAiOnsiY3JlYXRlIjoxODAwMDAwMDAwMDAwLCJkZWxldGUiOjE4MDAwMDAwMDAwMDAsInJlYWQiOjMwMDAwMDAwMDAwMCwidXBkYXRlIjoxODAwMDAwMDAwMDAwfX0=",
          "dependencies": [
            "azurerm_resource_group.rg",
            "module.network_central.azurerm_virtual_network.vnet"
          ]
        },
        {
          "index_key": "www-db",
          "schema_version": 0,
          "attributes": {
            "address_prefixes": [
              "172.16.1.0/24"
            ],
            "default_outbound_access_enabled": false,
            "delegation": [],
            "id": "/subscriptions/99b79efe-ebd6-468c-b39f-5669acb259e1/resourceGroups/04-t1-www-rg/providers/Microsoft.Network/virtualNetworks/vnet0/subnets/www-db",
            "ip_address_pool": [],
            "name": "www-db",
            "private_endpoint_network_policies": "Disabled",
            "private_link_service_network_policies_enabled": true,
            "resource_group_name": "04-t1-www-rg",
            "service_endpoint_policy_ids": [],
            "service_endpoints": [],
            "sharing_scope": "",
            "timeouts": null,
            "virtual_network_name": "vnet0"
          },
          "sensitive_attributes": [],
          "identity_schema_version": 0,
          "identity": {
            "name": "www-db",
            "resource_group_name": "04-t1-www-rg",
            "subscription_id": "99b79efe-ebd6-468c-b39f-5669acb259e1",
            "virtual_network_name": "vnet0"
          },
          "private": "eyJlMmJmYjczMC1lY2FhLTExZTYtOGY4OC0zNDM2M2JjN2M0YzAiOnsiY3JlYXRlIjoxODAwMDAwMDAwMDAwLCJkZWxldGUiOjE4MDAwMDAwMDAwMDAsInJlYWQiOjMwMDAwMDAwMDAwMCwidXBkYXRlIjoxODAwMDAwMDAwMDAwfX0=",
          "dependencies": [
            "azurerm_resource_group.rg",
            "module.network_central.azurerm_virtual_network.vnet"
          ]
        },
        {
          "index_key": "www-load",
          "schema_version": 0,
          "attributes": {
            "address_prefixes": [
              "192.168.4.0/24"
            ],
            "default_outbound_access_enabled": true,
            "delegation": [],
            "id": "/subscriptions/99b79efe-ebd6-468c-b39f-5669acb259e1/resourceGroups/04-t1-www-rg/providers/Microsoft.Network/virtualNetworks/vnet0/subnets/www-load",
            "ip_address_pool": [],
            "name": "www-load",
            "private_endpoint_network_policies": "Disabled",
            "private_link_service_network_policies_enabled": true,
            "resource_group_name": "04-t1-www-rg",
            "service_endpoint_policy_ids": [],
            "service_endpoints": [],
            "sharing_scope": "",
            "timeouts": null,
            "virtual_network_name": "vnet0"
          },
          "sensitive_attributes": [],
          "identity_schema_version": 0,
          "identity": {
            "name": "www-load",
            "resource_group_name": "04-t1-www-rg",
            "subscription_id": "99b79efe-ebd6-468c-b39f-5669acb259e1",
            "virtual_network_name": "vnet0"
          },
          "private": "eyJlMmJmYjczMC1lY2FhLTExZTYtOGY4OC0zNDM2M2JjN2M0YzAiOnsiY3JlYXRlIjoxODAwMDAwMDAwMDAwLCJkZWxldGUiOjE4MDAwMDAwMDAwMDAsInJlYWQiOjMwMDAwMDAwMDAwMCwidXBkYXRlIjoxODAwMDAwMDAwMDAwfX0=",
          "dependencies": [
            "azurerm_resource_group.rg",
            "module.network_central.azurerm_virtual_network.vnet"
          ]
        },
        {
          "index_key": "www-nat",
          "schema_version": 0,
          "attributes": {
            "address_prefixes": [
              "10.0.1.0/24"
            ],
            "default_outbound_access_enabled": true,
            "delegation": [],
            "id": "/subscriptions/99b79efe-ebd6-468c-b39f-5669acb259e1/resourceGroups/04-t1-www-rg/providers/Microsoft.Network/virtualNetworks/vnet0/subnets/www-nat",
            "ip_address_pool": [],
            "name": "www-nat",
            "private_endpoint_network_policies": "Disabled",
            "private_link_service_network_policies_enabled": true,
            "resource_group_name": "04-t1-www-rg",
            "service_endpoint_policy_ids": [],
            "service_endpoints": [],
            "sharing_scope": "",
            "timeouts": null,
            "virtual_network_name": "vnet0"
          },
          "sensitive_attributes": [],
          "identity_schema_version": 0,
          "identity": {
            "name": "www-nat",
            "resource_group_name": "04-t1-www-rg",
            "subscription_id": "99b79efe-ebd6-468c-b39f-5669acb259e1",
            "virtual_network_name": "vnet0"
          },
          "private": "eyJlMmJmYjczMC1lY2FhLTExZTYtOGY4OC0zNDM2M2JjN2M0YzAiOnsiY3JlYXRlIjoxODAwMDAwMDAwMDAwLCJkZWxldGUiOjE4MDAwMDAwMDAwMDAsInJlYWQiOjMwMDAwMDAwMDAwMCwidXBkYXRlIjoxODAwMDAwMDAwMDAwfX0=",
          "dependencies": [
            "azurerm_resource_group.rg",
            "module.network_central.azurerm_virtual_network.vnet"
          ]
        },
        {
          "index_key": "www-stor",
          "schema_version": 0,
          "attributes": {
            "address_prefixes": [
              "172.16.2.0/24"
            ],
            "default_outbound_access_enabled": false,
            "delegation": [],
            "id": "/subscriptions/99b79efe-ebd6-468c-b39f-5669acb259e1/resourceGroups/04-t1-www-rg/providers/Microsoft.Network/virtualNetworks/vnet0/subnets/www-stor",
            "ip_address_pool": [],
            "name": "www-stor",
            "private_endpoint_network_policies": "Disabled",
            "private_link_service_network_policies_enabled": true,
            "resource_group_name": "04-t1-www-rg",
            "service_endpoint_policy_ids": [],
            "service_endpoints": [
              "Microsoft.Storage"
            ],
            "sharing_scope": "",
            "timeouts": null,
            "virtual_network_name": "vnet0"
          },
          "sensitive_attributes": [],
          "identity_schema_version": 0,
          "identity": {
            "name": "www-stor",
            "resource_group_name": "04-t1-www-rg",
            "subscription_id": "99b79efe-ebd6-468c-b39f-5669acb259e1",
            "virtual_network_name": "vnet0"
          },
          "private": "eyJlMmJmYjczMC1lY2FhLTExZTYtOGY4OC0zNDM2M2JjN2M0YzAiOnsiY3JlYXRlIjoxODAwMDAwMDAwMDAwLCJkZWxldGUiOjE4MDAwMDAwMDAwMDAsInJlYWQiOjMwMDAwMDAwMDAwMCwidXBkYXRlIjoxODAwMDAwMDAwMDAwfX0=",
          "dependencies": [
            "azurerm_resource_group.rg",
            "module.network_central.azurerm_virtual_network.vnet"
          ]
        },
        {
          "index_key": "www-vmss",
          "schema_version": 0,
          "attributes": {
            "address_prefixes": [
              "192.168.1.0/24"
            ],
            "default_outbound_access_enabled": false,
            "delegation": [],
            "id": "/subscriptions/99b79efe-ebd6-468c-b39f-5669acb259e1/resourceGroups/04-t1-www-rg/providers/Microsoft.Network/virtualNetworks/vnet0/subnets/www-vmss",
            "ip_address_pool": [],
            "name": "www-vmss",
            "private_endpoint_network_policies": "Disabled",
            "private_link_service_network_policies_enabled": true,
            "resource_group_name": "04-t1-www-rg",
            "service_endpoint_policy_ids": [],
            "service_endpoints": [],
            "sharing_scope": "",
            "timeouts": null,
            "virtual_network_name": "vnet0"
          },
          "sensitive_attributes": [],
          "identity_schema_version": 0,
          "identity": {
            "name": "www-vmss",
            "resource_group_name": "04-t1-www-rg",
            "subscription_id": "99b79efe-ebd6-468c-b39f-5669acb259e1",
            "virtual_network_name": "vnet0"
          },
          "private": "eyJlMmJmYjczMC1lY2FhLTExZTYtOGY4OC0zNDM2M2JjN2M0YzAiOnsiY3JlYXRlIjoxODAwMDAwMDAwMDAwLCJkZWxldGUiOjE4MDAwMDAwMDAwMDAsInJlYWQiOjMwMDAwMDAwMDAwMCwidXBkYXRlIjoxODAwMDAwMDAwMDAwfX0=",
          "dependencies": [
            "azurerm_resource_group.rg",
            "module.network_central.azurerm_virtual_network.vnet"
          ]
        },
        {
          "index_key": "www-was",
          "schema_version": 0,
          "attributes": {
            "address_prefixes": [
              "192.168.5.0/24"
            ],
            "default_outbound_access_enabled": false,
            "delegation": [],
            "id": "/subscriptions/99b79efe-ebd6-468c-b39f-5669acb259e1/resourceGroups/04-t1-www-rg/providers/Microsoft.Network/virtualNetworks/vnet0/subnets/www-was",
            "ip_address_pool": [],
            "name": "www-was",
            "private_endpoint_network_policies": "Disabled",
            "private_link_service_network_policies_enabled": true,
            "resource_group_name": "04-t1-www-rg",
            "service_endpoint_policy_ids": [],
            "service_endpoints": [],
            "sharing_scope": "",
            "timeouts": null,
            "virtual_network_name": "vnet0"
          },
          "sensitive_attributes": [],
          "identity_schema_version": 0,
          "identity": {
            "name": "www-was",
            "resource_group_name": "04-t1-www-rg",
            "subscription_id": "99b79efe-ebd6-468c-b39f-5669acb259e1",
            "virtual_network_name": "vnet0"
          },
          "private": "eyJlMmJmYjczMC1lY2FhLTExZTYtOGY4OC0zNDM2M2JjN2M0YzAiOnsiY3JlYXRlIjoxODAwMDAwMDAwMDAwLCJkZWxldGUiOjE4MDAwMDAwMDAwMDAsInJlYWQiOjMwMDAwMDAwMDAwMCwidXBkYXRlIjoxODAwMDAwMDAwMDAwfX0=",
          "dependencies": [
            "azurerm_resource_group.rg",
            "module.network_central.azurerm_virtual_network.vnet"
          ]
        },
        {
          "index_key": "www-web",
          "schema_version": 0,
          "attributes": {
            "address_prefixes": [
              "192.168.2.0/24"
            ],
            "default_outbound_access_enabled": false,
            "delegation": [],
            "id": "/subscriptions/99b79efe-ebd6-468c-b39f-5669acb259e1/resourceGroups/04-t1-www-rg/providers/Microsoft.Network/virtualNetworks/vnet0/subnets/www-web",
            "ip_address_pool": [],
            "name": "www-web",
            "private_endpoint_network_policies": "Disabled",
            "private_link_service_network_policies_enabled": true,
            "resource_group_name": "04-t1-www-rg",
            "service_endpoint_policy_ids": [],
            "service_endpoints": [],
            "sharing_scope": "",
            "timeouts": null,
            "virtual_network_name": "vnet0"
          },
          "sensitive_attributes": [],
          "identity_schema_version": 0,
          "identity": {
            "name": "www-web",
            "resource_group_name": "04-t1-www-rg",
            "subscription_id": "99b79efe-ebd6-468c-b39f-5669acb259e1",
            "virtual_network_name": "vnet0"
          },
          "private": "eyJlMmJmYjczMC1lY2FhLTExZTYtOGY4OC0zNDM2M2JjN2M0YzAiOnsiY3JlYXRlIjoxODAwMDAwMDAwMDAwLCJkZWxldGUiOjE4MDAwMDAwMDAwMDAsInJlYWQiOjMwMDAwMDAwMDAwMCwidXBkYXRlIjoxODAwMDAwMDAwMDAwfX0=",
          "dependencies": [
            "azurerm_resource_group.rg",
            "module.network_central.azurerm_virtual_network.vnet"
          ]
        }
      ]
    },
    {
      "module": "module.network_central",
      "mode": "managed",
      "type": "azurerm_subnet_nat_gateway_association",
      "name": "nat_subnet_assoc",
      "provider": "provider[\"registry.terraform.io/hashicorp/azurerm\"]",
      "instances": [
        {
          "index_key": 0,
          "schema_version": 0,
          "attributes": {
            "id": "/subscriptions/99b79efe-ebd6-468c-b39f-5669acb259e1/resourceGroups/04-t1-www-rg/providers/Microsoft.Network/virtualNetworks/vnet0/subnets/www-nat",
            "nat_gateway_id": "/subscriptions/99b79efe-ebd6-468c-b39f-5669acb259e1/resourceGroups/04-t1-www-rg/providers/Microsoft.Network/natGateways/www-nat",
            "subnet_id": "/subscriptions/99b79efe-ebd6-468c-b39f-5669acb259e1/resourceGroups/04-t1-www-rg/providers/Microsoft.Network/virtualNetworks/vnet0/subnets/www-nat",
            "timeouts": null
          },
          "sensitive_attributes": [],
          "identity_schema_version": 0,
          "private": "eyJlMmJmYjczMC1lY2FhLTExZTYtOGY4OC0zNDM2M2JjN2M0YzAiOnsiY3JlYXRlIjoxODAwMDAwMDAwMDAwLCJkZWxldGUiOjE4MDAwMDAwMDAwMDAsInJlYWQiOjMwMDAwMDAwMDAwMH19",
          "dependencies": [
            "azurerm_resource_group.rg",
            "module.network_central.azurerm_nat_gateway.nat_gw",
            "module.network_central.azurerm_subnet.subnets",
            "module.network_central.azurerm_virtual_network.vnet"
          ]
        }
      ]
    },
    {
      "module": "module.network_central",
      "mode": "managed",
      "type": "azurerm_subnet_nat_gateway_association",
      "name": "nat_vmss_assoc",
      "provider": "provider[\"registry.terraform.io/hashicorp/azurerm\"]",
      "instances": [
        {
          "index_key": 0,
          "schema_version": 0,
          "attributes": {
            "id": "/subscriptions/99b79efe-ebd6-468c-b39f-5669acb259e1/resourceGroups/04-t1-www-rg/providers/Microsoft.Network/virtualNetworks/vnet0/subnets/www-vmss",
            "nat_gateway_id": "/subscriptions/99b79efe-ebd6-468c-b39f-5669acb259e1/resourceGroups/04-t1-www-rg/providers/Microsoft.Network/natGateways/www-nat",
            "subnet_id": "/subscriptions/99b79efe-ebd6-468c-b39f-5669acb259e1/resourceGroups/04-t1-www-rg/providers/Microsoft.Network/virtualNetworks/vnet0/subnets/www-vmss",
            "timeouts": null
          },
          "sensitive_attributes": [],
          "identity_schema_version": 0,
          "private": "eyJlMmJmYjczMC1lY2FhLTExZTYtOGY4OC0zNDM2M2JjN2M0YzAiOnsiY3JlYXRlIjoxODAwMDAwMDAwMDAwLCJkZWxldGUiOjE4MDAwMDAwMDAwMDAsInJlYWQiOjMwMDAwMDAwMDAwMH19",
          "dependencies": [
            "azurerm_resource_group.rg",
            "module.network_central.azurerm_nat_gateway.nat_gw",
            "module.network_central.azurerm_subnet.subnets",
            "module.network_central.azurerm_virtual_network.vnet"
          ]
        }
      ]
    },
    {
      "module": "module.network_central",
      "mode": "managed",
      "type": "azurerm_subnet_nat_gateway_association",
      "name": "nat_was_assoc",
      "provider": "provider[\"registry.terraform.io/hashicorp/azurerm\"]",
      "instances": [
        {
          "index_key": 0,
          "schema_version": 0,
          "attributes": {
            "id": "/subscriptions/99b79efe-ebd6-468c-b39f-5669acb259e1/resourceGroups/04-t1-www-rg/providers/Microsoft.Network/virtualNetworks/vnet0/subnets/www-was",
            "nat_gateway_id": "/subscriptions/99b79efe-ebd6-468c-b39f-5669acb259e1/resourceGroups/04-t1-www-rg/providers/Microsoft.Network/natGateways/www-nat",
            "subnet_id": "/subscriptions/99b79efe-ebd6-468c-b39f-5669acb259e1/resourceGroups/04-t1-www-rg/providers/Microsoft.Network/virtualNetworks/vnet0/subnets/www-was",
            "timeouts": null
          },
          "sensitive_attributes": [],
          "identity_schema_version": 0,
          "private": "eyJlMmJmYjczMC1lY2FhLTExZTYtOGY4OC0zNDM2M2JjN2M0YzAiOnsiY3JlYXRlIjoxODAwMDAwMDAwMDAwLCJkZWxldGUiOjE4MDAwMDAwMDAwMDAsInJlYWQiOjMwMDAwMDAwMDAwMH19",
          "dependencies": [
            "azurerm_resource_group.rg",
            "module.network_central.azurerm_nat_gateway.nat_gw",
            "module.network_central.azurerm_subnet.subnets",
            "module.network_central.azurerm_virtual_network.vnet"
          ]
        }
      ]
    },
    {
      "module": "module.network_central",
      "mode": "managed",
      "type": "azurerm_subnet_nat_gateway_association",
      "name": "nat_web_assoc",
      "provider": "provider[\"registry.terraform.io/hashicorp/azurerm\"]",
      "instances": [
        {
          "index_key": 0,
          "schema_version": 0,
          "attributes": {
            "id": "/subscriptions/99b79efe-ebd6-468c-b39f-5669acb259e1/resourceGroups/04-t1-www-rg/providers/Microsoft.Network/virtualNetworks/vnet0/subnets/www-web",
            "nat_gateway_id": "/subscriptions/99b79efe-ebd6-468c-b39f-5669acb259e1/resourceGroups/04-t1-www-rg/providers/Microsoft.Network/natGateways/www-nat",
            "subnet_id": "/subscriptions/99b79efe-ebd6-468c-b39f-5669acb259e1/resourceGroups/04-t1-www-rg/providers/Microsoft.Network/virtualNetworks/vnet0/subnets/www-web",
            "timeouts": null
          },
          "sensitive_attributes": [],
          "identity_schema_version": 0,
          "private": "eyJlMmJmYjczMC1lY2FhLTExZTYtOGY4OC0zNDM2M2JjN2M0YzAiOnsiY3JlYXRlIjoxODAwMDAwMDAwMDAwLCJkZWxldGUiOjE4MDAwMDAwMDAwMDAsInJlYWQiOjMwMDAwMDAwMDAwMH19",
          "dependencies": [
            "azurerm_resource_group.rg",
            "module.network_central.azurerm_nat_gateway.nat_gw",
            "module.network_central.azurerm_subnet.subnets",
            "module.network_central.azurerm_virtual_network.vnet"
          ]
        }
      ]
    },
    {
      "module": "module.network_central",
      "mode": "managed",
      "type": "azurerm_traffic_manager_azure_endpoint",
      "name": "www_tm_endpoint_primary",
      "provider": "provider[\"registry.terraform.io/hashicorp/azurerm\"]",
      "instances": [
        {
          "schema_version": 0,
          "attributes": {
            "always_serve_enabled": false,
            "custom_header": [],
            "enabled": true,
            "geo_mappings": [],
            "id": "/subscriptions/99b79efe-ebd6-468c-b39f-5669acb259e1/resourceGroups/04-t1-www-rg/providers/Microsoft.Network/trafficManagerProfiles/www-tm-0yoqq7/AzureEndpoints/www-tm-endpoint-primary",
            "name": "www-tm-endpoint-primary",
            "priority": 1,
            "profile_id": "/subscriptions/99b79efe-ebd6-468c-b39f-5669acb259e1/resourceGroups/04-t1-www-rg/providers/Microsoft.Network/trafficManagerProfiles/www-tm-0yoqq7",
            "subnet": [],
            "target_resource_id": "/subscriptions/99b79efe-ebd6-468c-b39f-5669acb259e1/resourceGroups/04-t1-www-rg/providers/Microsoft.Network/publicIPAddresses/www-appgw-pip",
            "timeouts": null,
            "weight": 100
          },
          "sensitive_attributes": [],
          "identity_schema_version": 0,
          "private": "eyJlMmJmYjczMC1lY2FhLTExZTYtOGY4OC0zNDM2M2JjN2M0YzAiOnsiY3JlYXRlIjoxODAwMDAwMDAwMDAwLCJkZWxldGUiOjE4MDAwMDAwMDAwMDAsInJlYWQiOjMwMDAwMDAwMDAwMCwidXBkYXRlIjoxODAwMDAwMDAwMDAwfX0=",
          "dependencies": [
            "azurerm_resource_group.rg",
            "module.network_central.azurerm_public_ip.appgw_pip",
            "module.network_central.azurerm_traffic_manager_profile.www_tm",
            "module.network_central.random_string.tm_suffix"
          ]
        }
      ]
    },
    {
      "module": "module.network_central",
      "mode": "managed",
      "type": "azurerm_traffic_manager_profile",
      "name": "www_tm",
      "provider": "provider[\"registry.terraform.io/hashicorp/azurerm\"]",
      "instances": [
        {
          "schema_version": 0,
          "attributes": {
            "dns_config": [
              {
                "relative_name": "www-tm-0yoqq7",
                "ttl": 60
              }
            ],
            "fqdn": "www-tm-0yoqq7.trafficmanager.net",
            "id": "/subscriptions/99b79efe-ebd6-468c-b39f-5669acb259e1/resourceGroups/04-t1-www-rg/providers/Microsoft.Network/trafficManagerProfiles/www-tm-0yoqq7",
            "max_return": 0,
            "monitor_config": [
              {
                "custom_header": [],
                "expected_status_code_ranges": [],
                "interval_in_seconds": 30,
                "path": "/",
                "port": 443,
                "protocol": "HTTPS",
                "timeout_in_seconds": 9,
                "tolerated_number_of_failures": 3
              }
            ],
            "name": "www-tm-0yoqq7",
            "profile_status": "Enabled",
            "resource_group_name": "04-t1-www-rg",
            "tags": {
              "Environment": "Production",
              "ManagedBy": "Terraform",
              "Purpose": "Global-Traffic-Management"
            },
            "timeouts": null,
            "traffic_routing_method": "Priority",
            "traffic_view_enabled": false
          },
          "sensitive_attributes": [],
          "identity_schema_version": 0,
          "private": "eyJlMmJmYjczMC1lY2FhLTExZTYtOGY4OC0zNDM2M2JjN2M0YzAiOnsiY3JlYXRlIjoxODAwMDAwMDAwMDAwLCJkZWxldGUiOjE4MDAwMDAwMDAwMDAsInJlYWQiOjMwMDAwMDAwMDAwMCwidXBkYXRlIjoxODAwMDAwMDAwMDAwfX0=",
          "dependencies": [
            "azurerm_resource_group.rg",
            "module.network_central.random_string.tm_suffix"
          ]
        }
      ]
    },
    {
      "module": "module.network_central",
      "mode": "managed",
      "type": "azurerm_virtual_network",
      "name": "vnet",
      "provider": "provider[\"registry.terraform.io/hashicorp/azurerm\"]",
      "instances": [
        {
          "schema_version": 0,
          "attributes": {
            "address_space": [
              "10.0.0.0/16",
              "172.16.0.0/16",
              "192.168.0.0/16"
            ],
            "bgp_community": "",
            "ddos_protection_plan": [],
            "dns_servers": [],
            "edge_zone": "",
            "encryption": [],
            "flow_timeout_in_minutes": 0,
            "guid": "9989e93c-26f6-437a-8077-941543568e72",
            "id": "/subscriptions/99b79efe-ebd6-468c-b39f-5669acb259e1/resourceGroups/04-t1-www-rg/providers/Microsoft.Network/virtualNetworks/vnet0",
            "ip_address_pool": [],
            "location": "koreacentral",
            "name": "vnet0",
            "private_endpoint_vnet_policies": "Disabled",
            "resource_group_name": "04-t1-www-rg",
            "subnet": [
              {
                "address_prefixes": [
                  "10.0.1.0/24"
                ],
                "default_outbound_access_enabled": true,
                "delegation": [],
                "id": "/subscriptions/99b79efe-ebd6-468c-b39f-5669acb259e1/resourceGroups/04-t1-www-rg/providers/Microsoft.Network/virtualNetworks/vnet0/subnets/www-nat",
                "name": "www-nat",
                "private_endpoint_network_policies": "Disabled",
                "private_link_service_network_policies_enabled": true,
                "route_table_id": "",
                "security_group": "",
                "service_endpoint_policy_ids": [],
                "service_endpoints": []
              },
              {
                "address_prefixes": [
                  "172.16.1.0/24"
                ],
                "default_outbound_access_enabled": false,
                "delegation": [],
                "id": "/subscriptions/99b79efe-ebd6-468c-b39f-5669acb259e1/resourceGroups/04-t1-www-rg/providers/Microsoft.Network/virtualNetworks/vnet0/subnets/www-db",
                "name": "www-db",
                "private_endpoint_network_policies": "Disabled",
                "private_link_service_network_policies_enabled": true,
                "route_table_id": "",
                "security_group": "/subscriptions/99b79efe-ebd6-468c-b39f-5669acb259e1/resourceGroups/04-t1-www-rg/providers/Microsoft.Network/networkSecurityGroups/www-nsg-db",
                "service_endpoint_policy_ids": [],
                "service_endpoints": []
              },
              {
                "address_prefixes": [
                  "172.16.2.0/24"
                ],
                "default_outbound_access_enabled": false,
                "delegation": [],
                "id": "/subscriptions/99b79efe-ebd6-468c-b39f-5669acb259e1/resourceGroups/04-t1-www-rg/providers/Microsoft.Network/virtualNetworks/vnet0/subnets/www-stor",
                "name": "www-stor",
                "private_endpoint_network_policies": "Disabled",
                "private_link_service_network_policies_enabled": true,
                "route_table_id": "",
                "security_group": "/subscriptions/99b79efe-ebd6-468c-b39f-5669acb259e1/resourceGroups/04-t1-www-rg/providers/Microsoft.Network/networkSecurityGroups/www-nsg-db",
                "service_endpoint_policy_ids": [],
                "service_endpoints": [
                  "Microsoft.Storage"
                ]
              },
              {
                "address_prefixes": [
                  "192.168.1.0/24"
                ],
                "default_outbound_access_enabled": false,
                "delegation": [],
                "id": "/subscriptions/99b79efe-ebd6-468c-b39f-5669acb259e1/resourceGroups/04-t1-www-rg/providers/Microsoft.Network/virtualNetworks/vnet0/subnets/www-vmss",
                "name": "www-vmss",
                "private_endpoint_network_policies": "Disabled",
                "private_link_service_network_policies_enabled": true,
                "route_table_id": "",
                "security_group": "/subscriptions/99b79efe-ebd6-468c-b39f-5669acb259e1/resourceGroups/04-t1-www-rg/providers/Microsoft.Network/networkSecurityGroups/www-nsg-http",
                "service_endpoint_policy_ids": [],
                "service_endpoints": []
              },
              {
                "address_prefixes": [
                  "192.168.2.0/24"
                ],
                "default_outbound_access_enabled": false,
                "delegation": [],
                "id": "/subscriptions/99b79efe-ebd6-468c-b39f-5669acb259e1/resourceGroups/04-t1-www-rg/providers/Microsoft.Network/virtualNetworks/vnet0/subnets/www-web",
                "name": "www-web",
                "private_endpoint_network_policies": "Disabled",
                "private_link_service_network_policies_enabled": true,
                "route_table_id": "",
                "security_group": "/subscriptions/99b79efe-ebd6-468c-b39f-5669acb259e1/resourceGroups/04-t1-www-rg/providers/Microsoft.Network/networkSecurityGroups/www-nsg-http",
                "service_endpoint_policy_ids": [],
                "service_endpoints": []
              },
              {
                "address_prefixes": [
                  "192.168.3.0/24"
                ],
                "default_outbound_access_enabled": true,
                "delegation": [],
                "id": "/subscriptions/99b79efe-ebd6-468c-b39f-5669acb259e1/resourceGroups/04-t1-www-rg/providers/Microsoft.Network/virtualNetworks/vnet0/subnets/www-appgw",
                "name": "www-appgw",
                "private_endpoint_network_policies": "Disabled",
                "private_link_service_network_policies_enabled": true,
                "route_table_id": "",
                "security_group": "",
                "service_endpoint_policy_ids": [],
                "service_endpoints": []
              },
              {
                "address_prefixes": [
                  "192.168.4.0/24"
                ],
                "default_outbound_access_enabled": true,
                "delegation": [],
                "id": "/subscriptions/99b79efe-ebd6-468c-b39f-5669acb259e1/resourceGroups/04-t1-www-rg/providers/Microsoft.Network/virtualNetworks/vnet0/subnets/www-load",
                "name": "www-load",
                "private_endpoint_network_policies": "Disabled",
                "private_link_service_network_policies_enabled": true,
                "route_table_id": "",
                "security_group": "",
                "service_endpoint_policy_ids": [],
                "service_endpoints": []
              },
              {
                "address_prefixes": [
                  "192.168.5.0/24"
                ],
                "default_outbound_access_enabled": false,
                "delegation": [],
                "id": "/subscriptions/99b79efe-ebd6-468c-b39f-5669acb259e1/resourceGroups/04-t1-www-rg/providers/Microsoft.Network/virtualNetworks/vnet0/subnets/www-was",
                "name": "www-was",
                "private_endpoint_network_policies": "Disabled",
                "private_link_service_network_policies_enabled": true,
                "route_table_id": "",
                "security_group": "/subscriptions/99b79efe-ebd6-468c-b39f-5669acb259e1/resourceGroups/04-t1-www-rg/providers/Microsoft.Network/networkSecurityGroups/www-nsg-http",
                "service_endpoint_policy_ids": [],
                "service_endpoints": []
              }
            ],
            "tags": {
              "Environment": "Production",
              "ManagedBy": "Terraform",
              "Purpose": "Main-VNet"
            },
            "timeouts": null
          },
          "sensitive_attributes": [],
          "identity_schema_version": 0,
          "identity": {
            "name": "vnet0",
            "resource_group_name": "04-t1-www-rg",
            "subscription_id": "99b79efe-ebd6-468c-b39f-5669acb259e1"
          },
          "private": "eyJlMmJmYjczMC1lY2FhLTExZTYtOGY4OC0zNDM2M2JjN2M0YzAiOnsiY3JlYXRlIjoxODAwMDAwMDAwMDAwLCJkZWxldGUiOjE4MDAwMDAwMDAwMDAsInJlYWQiOjMwMDAwMDAwMDAwMCwidXBkYXRlIjoxODAwMDAwMDAwMDAwfX0=",
          "dependencies": [
            "azurerm_resource_group.rg"
          ]
        }
      ]
    },
    {
      "module": "module.network_central",
      "mode": "managed",
      "type": "azurerm_virtual_network_peering",
      "name": "spoke_to_hub",
      "provider": "provider[\"registry.terraform.io/hashicorp/azurerm\"]",
      "instances": [
        {
          "schema_version": 0,
          "attributes": {
            "allow_forwarded_traffic": true,
            "allow_gateway_transit": false,
            "allow_virtual_network_access": true,
            "id": "/subscriptions/99b79efe-ebd6-468c-b39f-5669acb259e1/resourceGroups/04-t1-www-rg/providers/Microsoft.Network/virtualNetworks/vnet0/virtualNetworkPeerings/spoke-to-hub",
            "local_subnet_names": [],
            "name": "spoke-to-hub",
            "only_ipv6_peering_enabled": false,
            "peer_complete_virtual_networks_enabled": true,
            "remote_subnet_names": [],
            "remote_virtual_network_id": "/subscriptions/99b79efe-ebd6-468c-b39f-5669acb259e1/resourceGroups/04-t1-www-rg/providers/Microsoft.Network/virtualNetworks/hub-vnet",
            "resource_group_name": "04-t1-www-rg",
            "timeouts": null,
            "triggers": null,
            "use_remote_gateways": false,
            "virtual_network_name": "vnet0"
          },
          "sensitive_attributes": [],
          "identity_schema_version": 0,
          "private": "eyJlMmJmYjczMC1lY2FhLTExZTYtOGY4OC0zNDM2M2JjN2M0YzAiOnsiY3JlYXRlIjoxODAwMDAwMDAwMDAwLCJkZWxldGUiOjE4MDAwMDAwMDAwMDAsInJlYWQiOjMwMDAwMDAwMDAwMCwidXBkYXRlIjoxODAwMDAwMDAwMDAwfX0=",
          "dependencies": [
            "azurerm_resource_group.rg",
            "module.hub.azurerm_virtual_network.hub_vnet",
            "module.network_central.azurerm_virtual_network.vnet"
          ]
        }
      ]
    },
    {
      "module": "module.network_central",
      "mode": "managed",
      "type": "random_string",
      "name": "tm_suffix",
      "provider": "provider[\"registry.terraform.io/hashicorp/random\"]",
      "instances": [
        {
          "schema_version": 2,
          "attributes": {
            "id": "0yoqq7",
            "keepers": null,
            "length": 6,
            "lower": true,
            "min_lower": 0,
            "min_numeric": 0,
            "min_special": 0,
            "min_upper": 0,
            "number": true,
            "numeric": true,
            "override_special": null,
            "result": "0yoqq7",
            "special": false,
            "upper": false
          },
          "sensitive_attributes": [],
          "identity_schema_version": 0
        }
      ]
    },
    {
      "module": "module.security",
      "mode": "data",
      "type": "azurerm_client_config",
      "name": "current",
      "provider": "provider[\"registry.terraform.io/hashicorp/azurerm\"]",
      "instances": [
        {
          "schema_version": 0,
          "attributes": {
            "client_id": "04b07795-8ddb-461a-bbee-02f9e1bf7b46",
            "id": "Y2xpZW50Q29uZmlncy9jbGllbnRJZD0wNGIwNzc5NS04ZGRiLTQ2MWEtYmJlZS0wMmY5ZTFiZjdiNDY7b2JqZWN0SWQ9NDkyMTMxYjYtNjcxYi00M2YxLWFjMWUtZGI2YTI2MjIyNTY5O3N1YnNjcmlwdGlvbklkPTk5Yjc5ZWZlLWViZDYtNDY4Yy1iMzlmLTU2NjlhY2IyNTllMTt0ZW5hbnRJZD01NDhlOWVmNC1iMWQ1LTQ4ZmEtYjIyMC01OWY1MmQ2ZGI1MTE=",
            "object_id": "492131b6-671b-43f1-ac1e-db6a26222569",
            "subscription_id": "99b79efe-ebd6-468c-b39f-5669acb259e1",
            "tenant_id": "548e9ef4-b1d5-48fa-b220-59f52d6db511",
            "timeouts": null
          },
          "sensitive_attributes": [],
          "identity_schema_version": 0
        }
      ]
    },
    {
      "module": "module.security",
      "mode": "managed",
      "type": "azurerm_application_insights",
      "name": "app_insights",
      "provider": "provider[\"registry.terraform.io/hashicorp/azurerm\"]",
      "instances": [
        {
          "schema_version": 2,
          "attributes": {
            "app_id": "c55b40f4-1f1a-496f-bc85-c01af2cfef2a",
            "application_type": "web",
            "connection_string": "InstrumentationKey=74ebe385-0017-413a-9fc2-1290f5eef543;IngestionEndpoint=https://koreacentral-0.in.applicationinsights.azure.com/;LiveEndpoint=https://koreacentral.livediagnostics.monitor.azure.com/;ApplicationId=c55b40f4-1f1a-496f-bc85-c01af2cfef2a",
            "daily_data_cap_in_gb": 5,
            "daily_data_cap_notifications_disabled": false,
            "disable_ip_masking": false,
            "force_customer_storage_for_profiler": false,
            "id": "/subscriptions/99b79efe-ebd6-468c-b39f-5669acb259e1/resourceGroups/04-t1-www-rg/providers/Microsoft.Insights/components/www-app-insights",
            "instrumentation_key": "74ebe385-0017-413a-9fc2-1290f5eef543",
            "internet_ingestion_enabled": true,
            "internet_query_enabled": true,
            "local_authentication_disabled": false,
            "location": "koreacentral",
            "name": "www-app-insights",
            "resource_group_name": "04-t1-www-rg",
            "retention_in_days": 90,
            "sampling_percentage": 100,
            "tags": {
              "Environment": "Production",
              "ManagedBy": "Terraform",
              "Purpose": "Application-Monitoring"
            },
            "timeouts": null,
            "workspace_id": "/subscriptions/99b79efe-ebd6-468c-b39f-5669acb259e1/resourceGroups/04-t1-www-rg/providers/Microsoft.OperationalInsights/workspaces/www-law"
          },
          "sensitive_attributes": [
            [
              {
                "type": "get_attr",
                "value": "connection_string"
              }
            ],
            [
              {
                "type": "get_attr",
                "value": "instrumentation_key"
              }
            ]
          ],
          "identity_schema_version": 0,
          "private": "eyJlMmJmYjczMC1lY2FhLTExZTYtOGY4OC0zNDM2M2JjN2M0YzAiOnsiY3JlYXRlIjozNjAwMDAwMDAwMDAwLCJkZWxldGUiOjE4MDAwMDAwMDAwMDAsInJlYWQiOjMwMDAwMDAwMDAwMCwidXBkYXRlIjoxODAwMDAwMDAwMDAwfSwic2NoZW1hX3ZlcnNpb24iOiIyIn0=",
          "dependencies": [
            "azurerm_resource_group.rg",
            "module.security.azurerm_log_analytics_workspace.law"
          ]
        }
      ]
    },
    {
      "module": "module.security",
      "mode": "managed",
      "type": "azurerm_key_vault",
      "name": "kv",
      "provider": "provider[\"registry.terraform.io/hashicorp/azurerm\"]",
      "instances": [
        {
          "schema_version": 2,
          "attributes": {
            "access_policy": [],
            "contact": [],
            "enable_rbac_authorization": true,
            "enabled_for_deployment": false,
            "enabled_for_disk_encryption": true,
            "enabled_for_template_deployment": false,
            "id": "/subscriptions/99b79efe-ebd6-468c-b39f-5669acb259e1/resourceGroups/04-t1-www-rg/providers/Microsoft.KeyVault/vaults/www-kv-b8db10fd",
            "location": "koreacentral",
            "name": "www-kv-b8db10fd",
            "network_acls": [
              {
                "bypass": "AzureServices",
                "default_action": "Deny",
                "ip_rules": [],
                "virtual_network_subnet_ids": []
              }
            ],
            "public_network_access_enabled": true,
            "purge_protection_enabled": true,
            "rbac_authorization_enabled": true,
            "resource_group_name": "04-t1-www-rg",
            "sku_name": "premium",
            "soft_delete_retention_days": 90,
            "tags": {
              "Environment": "Production",
              "ManagedBy": "Terraform",
              "Purpose": "Secrets-Management"
            },
            "tenant_id": "548e9ef4-b1d5-48fa-b220-59f52d6db511",
            "timeouts": null,
            "vault_uri": "https://www-kv-b8db10fd.vault.azure.net/"
          },
          "sensitive_attributes": [],
          "identity_schema_version": 0,
          "private": "eyJlMmJmYjczMC1lY2FhLTExZTYtOGY4OC0zNDM2M2JjN2M0YzAiOnsiY3JlYXRlIjoxODAwMDAwMDAwMDAwLCJkZWxldGUiOjE4MDAwMDAwMDAwMDAsInJlYWQiOjMwMDAwMDAwMDAwMCwidXBkYXRlIjoxODAwMDAwMDAwMDAwfSwic2NoZW1hX3ZlcnNpb24iOiIyIn0=",
          "dependencies": [
            "azurerm_resource_group.rg",
            "module.security.data.azurerm_client_config.current",
            "module.security.random_id.kv"
          ]
        }
      ]
    },
    {
      "module": "module.security",
      "mode": "managed",
      "type": "azurerm_log_analytics_solution",
      "name": "security",
      "provider": "provider[\"registry.terraform.io/hashicorp/azurerm\"]",
      "instances": [
        {
          "schema_version": 1,
          "attributes": {
            "id": "/subscriptions/99b79efe-ebd6-468c-b39f-5669acb259e1/resourceGroups/04-t1-www-rg/providers/Microsoft.OperationsManagement/solutions/Security(www-law)",
            "location": "koreacentral",
            "plan": [
              {
                "name": "Security(www-law)",
                "product": "OMSGallery/Security",
                "promotion_code": "",
                "publisher": "Microsoft"
              }
            ],
            "resource_group_name": "04-t1-www-rg",
            "solution_name": "Security",
            "tags": {},
            "timeouts": null,
            "workspace_name": "www-law",
            "workspace_resource_id": "/subscriptions/99b79efe-ebd6-468c-b39f-5669acb259e1/resourceGroups/04-t1-www-rg/providers/Microsoft.OperationalInsights/workspaces/www-law"
          },
          "sensitive_attributes": [],
          "identity_schema_version": 0,
          "private": "eyJlMmJmYjczMC1lY2FhLTExZTYtOGY4OC0zNDM2M2JjN2M0YzAiOnsiY3JlYXRlIjoxODAwMDAwMDAwMDAwLCJkZWxldGUiOjE4MDAwMDAwMDAwMDAsInJlYWQiOjMwMDAwMDAwMDAwMCwidXBkYXRlIjoxODAwMDAwMDAwMDAwfSwic2NoZW1hX3ZlcnNpb24iOiIxIn0=",
          "dependencies": [
            "azurerm_resource_group.rg",
            "module.security.azurerm_log_analytics_workspace.law"
          ]
        }
      ]
    },
    {
      "module": "module.security",
      "mode": "managed",
      "type": "azurerm_log_analytics_solution",
      "name": "sentinel",
      "provider": "provider[\"registry.terraform.io/hashicorp/azurerm\"]",
      "instances": [
        {
          "schema_version": 1,
          "attributes": {
            "id": "/subscriptions/99b79efe-ebd6-468c-b39f-5669acb259e1/resourceGroups/04-t1-www-rg/providers/Microsoft.OperationsManagement/solutions/SecurityInsights(www-law)",
            "location": "koreacentral",
            "plan": [
              {
                "name": "SecurityInsights(www-law)",
                "product": "OMSGallery/SecurityInsights",
                "promotion_code": "",
                "publisher": "Microsoft"
              }
            ],
            "resource_group_name": "04-t1-www-rg",
            "solution_name": "SecurityInsights",
            "tags": {},
            "timeouts": null,
            "workspace_name": "www-law",
            "workspace_resource_id": "/subscriptions/99b79efe-ebd6-468c-b39f-5669acb259e1/resourceGroups/04-t1-www-rg/providers/Microsoft.OperationalInsights/workspaces/www-law"
          },
          "sensitive_attributes": [],
          "identity_schema_version": 0,
          "private": "eyJlMmJmYjczMC1lY2FhLTExZTYtOGY4OC0zNDM2M2JjN2M0YzAiOnsiY3JlYXRlIjoxODAwMDAwMDAwMDAwLCJkZWxldGUiOjE4MDAwMDAwMDAwMDAsInJlYWQiOjMwMDAwMDAwMDAwMCwidXBkYXRlIjoxODAwMDAwMDAwMDAwfSwic2NoZW1hX3ZlcnNpb24iOiIxIn0=",
          "dependencies": [
            "azurerm_resource_group.rg",
            "module.security.azurerm_log_analytics_workspace.law"
          ]
        }
      ]
    },
    {
      "module": "module.security",
      "mode": "managed",
      "type": "azurerm_log_analytics_solution",
      "name": "updates",
      "provider": "provider[\"registry.terraform.io/hashicorp/azurerm\"]",
      "instances": [
        {
          "schema_version": 1,
          "attributes": {
            "id": "/subscriptions/99b79efe-ebd6-468c-b39f-5669acb259e1/resourceGroups/04-t1-www-rg/providers/Microsoft.OperationsManagement/solutions/Updates(www-law)",
            "location": "koreacentral",
            "plan": [
              {
                "name": "Updates(www-law)",
                "product": "OMSGallery/Updates",
                "promotion_code": "",
                "publisher": "Microsoft"
              }
            ],
            "resource_group_name": "04-t1-www-rg",
            "solution_name": "Updates",
            "tags": {},
            "timeouts": null,
            "workspace_name": "www-law",
            "workspace_resource_id": "/subscriptions/99b79efe-ebd6-468c-b39f-5669acb259e1/resourceGroups/04-t1-www-rg/providers/Microsoft.OperationalInsights/workspaces/www-law"
          },
          "sensitive_attributes": [],
          "identity_schema_version": 0,
          "private": "eyJlMmJmYjczMC1lY2FhLTExZTYtOGY4OC0zNDM2M2JjN2M0YzAiOnsiY3JlYXRlIjoxODAwMDAwMDAwMDAwLCJkZWxldGUiOjE4MDAwMDAwMDAwMDAsInJlYWQiOjMwMDAwMDAwMDAwMCwidXBkYXRlIjoxODAwMDAwMDAwMDAwfSwic2NoZW1hX3ZlcnNpb24iOiIxIn0=",
          "dependencies": [
            "azurerm_resource_group.rg",
            "module.security.azurerm_log_analytics_workspace.law"
          ]
        }
      ]
    },
    {
      "module": "module.security",
      "mode": "managed",
      "type": "azurerm_log_analytics_workspace",
      "name": "law",
      "provider": "provider[\"registry.terraform.io/hashicorp/azurerm\"]",
      "instances": [
        {
          "schema_version": 3,
          "attributes": {
            "allow_resource_only_permissions": true,
            "cmk_for_query_forced": false,
            "daily_quota_gb": 10,
            "data_collection_rule_id": "",
            "id": "/subscriptions/99b79efe-ebd6-468c-b39f-5669acb259e1/resourceGroups/04-t1-www-rg/providers/Microsoft.OperationalInsights/workspaces/www-law",
            "identity": [],
            "immediate_data_purge_on_30_days_enabled": false,
            "internet_ingestion_enabled": true,
            "internet_query_enabled": true,
            "local_authentication_disabled": false,
            "local_authentication_enabled": true,
            "location": "koreacentral",
            "name": "www-law",
            "primary_shared_key": "FZwT+zRYVaYw4xBRCNFlkBhE4Ad+sw3q/rby0MoFjUytONwk5VNkxPryl2I76cbXb9HaozkPhImp3/V/T+ORfA==",
            "reservation_capacity_in_gb_per_day": null,
            "resource_group_name": "04-t1-www-rg",
            "retention_in_days": 90,
            "secondary_shared_key": "oHsgumrvMASQj2eOIPsiK7SkfvF3K4zhPjb13XgqiOWdHVjO3wdMoCWSINSOOCEuMRWwWUVw1xLzo5fXA4VP5g==",
            "sku": "PerGB2018",
            "tags": {
              "Environment": "Production",
              "ManagedBy": "Terraform",
              "Purpose": "Monitoring-Logs"
            },
            "timeouts": null,
            "workspace_id": "9fde7a6c-0df0-4474-ab37-6ba9092a3d23"
          },
          "sensitive_attributes": [
            [
              {
                "type": "get_attr",
                "value": "primary_shared_key"
              }
            ],
            [
              {
                "type": "get_attr",
                "value": "secondary_shared_key"
              }
            ]
          ],
          "identity_schema_version": 0,
          "private": "eyJlMmJmYjczMC1lY2FhLTExZTYtOGY4OC0zNDM2M2JjN2M0YzAiOnsiY3JlYXRlIjoxODAwMDAwMDAwMDAwLCJkZWxldGUiOjE4MDAwMDAwMDAwMDAsInJlYWQiOjMwMDAwMDAwMDAwMCwidXBkYXRlIjoxODAwMDAwMDAwMDAwfSwic2NoZW1hX3ZlcnNpb24iOiIzIn0=",
          "dependencies": [
            "azurerm_resource_group.rg"
          ]
        }
      ]
    },
    {
      "module": "module.security",
      "mode": "managed",
      "type": "azurerm_monitor_action_group",
      "name": "main",
      "provider": "provider[\"registry.terraform.io/hashicorp/azurerm\"]",
      "instances": [
        {
          "schema_version": 1,
          "attributes": {
            "arm_role_receiver": [],
            "automation_runbook_receiver": [],
            "azure_app_push_receiver": [],
            "azure_function_receiver": [],
            "email_receiver": [
              {
                "email_address": "devops@example.com",
                "name": "devops-team",
                "use_common_alert_schema": false
              }
            ],
            "enabled": true,
            "event_hub_receiver": [],
            "id": "/subscriptions/99b79efe-ebd6-468c-b39f-5669acb259e1/resourceGroups/04-t1-www-rg/providers/Microsoft.Insights/actionGroups/www-alerts",
            "itsm_receiver": [],
            "location": "global",
            "logic_app_receiver": [],
            "name": "www-alerts",
            "resource_group_name": "04-t1-www-rg",
            "short_name": "p0-alerts",
            "sms_receiver": [
              {
                "country_code": "82",
                "name": "oncall",
                "phone_number": "01012345678"
              }
            ],
            "tags": {
              "Environment": "Production",
              "ManagedBy": "Terraform",
              "Purpose": "Alerting"
            },
            "timeouts": null,
            "voice_receiver": [],
            "webhook_receiver": []
          },
          "sensitive_attributes": [],
          "identity_schema_version": 0,
          "identity": {
            "name": "www-alerts",
            "resource_group_name": "04-t1-www-rg",
            "subscription_id": "99b79efe-ebd6-468c-b39f-5669acb259e1"
          },
          "private": "eyJlMmJmYjczMC1lY2FhLTExZTYtOGY4OC0zNDM2M2JjN2M0YzAiOnsiY3JlYXRlIjoxODAwMDAwMDAwMDAwLCJkZWxldGUiOjE4MDAwMDAwMDAwMDAsInJlYWQiOjMwMDAwMDAwMDAwMCwidXBkYXRlIjoxODAwMDAwMDAwMDAwfSwic2NoZW1hX3ZlcnNpb24iOiIxIn0=",
          "dependencies": [
            "azurerm_resource_group.rg"
          ]
        }
      ]
    },
    {
      "module": "module.security",
      "mode": "managed",
      "type": "azurerm_monitor_diagnostic_setting",
      "name": "kv_diag",
      "provider": "provider[\"registry.terraform.io/hashicorp/azurerm\"]",
      "instances": [
        {
          "schema_version": 0,
          "attributes": {
            "enabled_log": [
              {
                "category": "AuditEvent",
                "category_group": "",
                "retention_policy": [
                  {
                    "days": 0,
                    "enabled": false
                  }
                ]
              },
              {
                "category": "AzurePolicyEvaluationDetails",
                "category_group": "",
                "retention_policy": [
                  {
                    "days": 0,
                    "enabled": false
                  }
                ]
              }
            ],
            "enabled_metric": [
              {
                "category": "AllMetrics"
              }
            ],
            "eventhub_authorization_rule_id": "",
            "eventhub_name": "",
            "id": "/subscriptions/99b79efe-ebd6-468c-b39f-5669acb259e1/resourceGroups/04-t1-www-rg/providers/Microsoft.KeyVault/vaults/www-kv-b8db10fd|kv-diagnostics",
            "log_analytics_destination_type": "AzureDiagnostics",
            "log_analytics_workspace_id": "/subscriptions/99b79efe-ebd6-468c-b39f-5669acb259e1/resourceGroups/04-t1-www-rg/providers/Microsoft.OperationalInsights/workspaces/www-log-analytics",
            "metric": [
              {
                "category": "AllMetrics",
                "enabled": true,
                "retention_policy": [
                  {
                    "days": 0,
                    "enabled": false
                  }
                ]
              }
            ],
            "name": "kv-diagnostics",
            "partner_solution_id": null,
            "storage_account_id": null,
            "target_resource_id": "/subscriptions/99b79efe-ebd6-468c-b39f-5669acb259e1/resourceGroups/04-t1-www-rg/providers/Microsoft.KeyVault/vaults/www-kv-b8db10fd",
            "timeouts": null
          },
          "sensitive_attributes": [],
          "identity_schema_version": 0,
          "private": "eyJlMmJmYjczMC1lY2FhLTExZTYtOGY4OC0zNDM2M2JjN2M0YzAiOnsiY3JlYXRlIjoxODAwMDAwMDAwMDAwLCJkZWxldGUiOjM2MDAwMDAwMDAwMDAsInJlYWQiOjMwMDAwMDAwMDAwMCwidXBkYXRlIjoxODAwMDAwMDAwMDAwfX0=",
          "dependencies": [
            "azurerm_resource_group.rg",
            "module.database.azurerm_log_analytics_workspace.log",
            "module.security.azurerm_key_vault.kv",
            "module.security.data.azurerm_client_config.current",
            "module.security.random_id.kv"
          ]
        }
      ]
    },
    {
      "module": "module.security",
      "mode": "managed",
      "type": "azurerm_monitor_metric_alert",
      "name": "mysql_connections",
      "provider": "provider[\"registry.terraform.io/hashicorp/azurerm\"]",
      "instances": [
        {
          "schema_version": 1,
          "attributes": {
            "action": [
              {
                "action_group_id": "/subscriptions/99b79efe-ebd6-468c-b39f-5669acb259e1/resourceGroups/04-t1-www-rg/providers/Microsoft.Insights/actionGroups/www-alerts",
                "webhook_properties": {}
              }
            ],
            "application_insights_web_test_location_availability_criteria": [],
            "auto_mitigate": true,
            "criteria": [
              {
                "aggregation": "Average",
                "dimension": [],
                "metric_name": "active_connections",
                "metric_namespace": "Microsoft.DBforMySQL/flexibleServers",
                "operator": "GreaterThan",
                "skip_metric_validation": false,
                "threshold": 130
              }
            ],
            "description": "Alert when MySQL active connections exceed 80%",
            "dynamic_criteria": [],
            "enabled": true,
            "frequency": "PT1M",
            "id": "/subscriptions/99b79efe-ebd6-468c-b39f-5669acb259e1/resourceGroups/04-t1-www-rg/providers/Microsoft.Insights/metricAlerts/mysql-connections-alert",
            "name": "mysql-connections-alert",
            "resource_group_name": "04-t1-www-rg",
            "scopes": [
              "/subscriptions/99b79efe-ebd6-468c-b39f-5669acb259e1/resourceGroups/04-t1-www-rg/providers/Microsoft.DBforMySQL/flexibleServers/www-mysql-server-1zhm"
            ],
            "severity": 2,
            "tags": {},
            "target_resource_location": "",
            "target_resource_type": "",
            "timeouts": null,
            "window_size": "PT5M"
          },
          "sensitive_attributes": [],
          "identity_schema_version": 0,
          "private": "eyJlMmJmYjczMC1lY2FhLTExZTYtOGY4OC0zNDM2M2JjN2M0YzAiOnsiY3JlYXRlIjoxODAwMDAwMDAwMDAwLCJkZWxldGUiOjE4MDAwMDAwMDAwMDAsInJlYWQiOjMwMDAwMDAwMDAwMCwidXBkYXRlIjoxODAwMDAwMDAwMDAwfSwic2NoZW1hX3ZlcnNpb24iOiIxIn0=",
          "dependencies": [
            "azurerm_resource_group.rg",
            "module.database.azurerm_mysql_flexible_server.www_mysql",
            "module.database.random_string.mysql_suffix",
            "module.security.azurerm_monitor_action_group.main"
          ]
        }
      ]
    },
    {
      "module": "module.security",
      "mode": "managed",
      "type": "azurerm_monitor_metric_alert",
      "name": "redis_memory",
      "provider": "provider[\"registry.terraform.io/hashicorp/azurerm\"]",
      "instances": [
        {
          "schema_version": 1,
          "attributes": {
            "action": [
              {
                "action_group_id": "/subscriptions/99b79efe-ebd6-468c-b39f-5669acb259e1/resourceGroups/04-t1-www-rg/providers/Microsoft.Insights/actionGroups/www-alerts",
                "webhook_properties": {}
              }
            ],
            "application_insights_web_test_location_availability_criteria": [],
            "auto_mitigate": true,
            "criteria": [
              {
                "aggregation": "Average",
                "dimension": [],
                "metric_name": "usedmemorypercentage",
                "metric_namespace": "Microsoft.Cache/redis",
                "operator": "GreaterThan",
                "skip_metric_validation": false,
                "threshold": 85
              }
            ],
            "description": "Alert when Redis memory usage exceeds 85%",
            "dynamic_criteria": [],
            "enabled": true,
            "frequency": "PT5M",
            "id": "/subscriptions/99b79efe-ebd6-468c-b39f-5669acb259e1/resourceGroups/04-t1-www-rg/providers/Microsoft.Insights/metricAlerts/redis-memory-alert",
            "name": "redis-memory-alert",
            "resource_group_name": "04-t1-www-rg",
            "scopes": [
              "/subscriptions/99b79efe-ebd6-468c-b39f-5669acb259e1/resourceGroups/04-t1-www-rg/providers/Microsoft.Cache/redis/www-redis-cache-kmfc"
            ],
            "severity": 2,
            "tags": {},
            "target_resource_location": "",
            "target_resource_type": "",
            "timeouts": null,
            "window_size": "PT5M"
          },
          "sensitive_attributes": [],
          "identity_schema_version": 0,
          "private": "eyJlMmJmYjczMC1lY2FhLTExZTYtOGY4OC0zNDM2M2JjN2M0YzAiOnsiY3JlYXRlIjoxODAwMDAwMDAwMDAwLCJkZWxldGUiOjE4MDAwMDAwMDAwMDAsInJlYWQiOjMwMDAwMDAwMDAwMCwidXBkYXRlIjoxODAwMDAwMDAwMDAwfSwic2NoZW1hX3ZlcnNpb24iOiIxIn0=",
          "dependencies": [
            "azurerm_resource_group.rg",
            "module.database.azurerm_redis_cache.www_redis",
            "module.database.random_string.redis_suffix",
            "module.network_central.azurerm_subnet.subnets",
            "module.network_central.azurerm_virtual_network.vnet",
            "module.security.azurerm_monitor_action_group.main",
            "module.storage.azurerm_storage_account.www_sa",
            "module.storage.random_string.sa_suffix"
          ]
        }
      ]
    },
    {
      "module": "module.security",
      "mode": "managed",
      "type": "azurerm_monitor_metric_alert",
      "name": "vmss_cpu",
      "provider": "provider[\"registry.terraform.io/hashicorp/azurerm\"]",
      "instances": [
        {
          "schema_version": 1,
          "attributes": {
            "action": [
              {
                "action_group_id": "/subscriptions/99b79efe-ebd6-468c-b39f-5669acb259e1/resourceGroups/04-t1-www-rg/providers/Microsoft.Insights/actionGroups/www-alerts",
                "webhook_properties": {}
              }
            ],
            "application_insights_web_test_location_availability_criteria": [],
            "auto_mitigate": true,
            "criteria": [
              {
                "aggregation": "Average",
                "dimension": [],
                "metric_name": "Percentage CPU",
                "metric_namespace": "Microsoft.Compute/virtualMachineScaleSets",
                "operator": "GreaterThan",
                "skip_metric_validation": false,
                "threshold": 80
              }
            ],
            "description": "Alert when VMSS CPU exceeds 80%",
            "dynamic_criteria": [],
            "enabled": true,
            "frequency": "PT5M",
            "id": "/subscriptions/99b79efe-ebd6-468c-b39f-5669acb259e1/resourceGroups/04-t1-www-rg/providers/Microsoft.Insights/metricAlerts/vmss-cpu-alert",
            "name": "vmss-cpu-alert",
            "resource_group_name": "04-t1-www-rg",
            "scopes": [
              "/subscriptions/99b79efe-ebd6-468c-b39f-5669acb259e1/resourceGroups/04-t1-www-rg/providers/Microsoft.Compute/virtualMachineScaleSets/web-vmss"
            ],
            "severity": 2,
            "tags": {},
            "target_resource_location": "",
            "target_resource_type": "",
            "timeouts": null,
            "window_size": "PT5M"
          },
          "sensitive_attributes": [],
          "identity_schema_version": 0,
          "private": "eyJlMmJmYjczMC1lY2FhLTExZTYtOGY4OC0zNDM2M2JjN2M0YzAiOnsiY3JlYXRlIjoxODAwMDAwMDAwMDAwLCJkZWxldGUiOjE4MDAwMDAwMDAwMDAsInJlYWQiOjMwMDAwMDAwMDAwMCwidXBkYXRlIjoxODAwMDAwMDAwMDAwfSwic2NoZW1hX3ZlcnNpb24iOiIxIn0=",
          "dependencies": [
            "azurerm_resource_group.rg",
            "module.compute.azurerm_linux_virtual_machine.webvm",
            "module.compute.azurerm_linux_virtual_machine_scale_set.vmss",
            "module.compute.azurerm_network_interface.webvm_nic",
            "module.compute.azurerm_shared_image.image",
            "module.compute.azurerm_shared_image_gallery.gallery",
            "module.compute.azurerm_shared_image_version.version",
            "module.compute.azurerm_snapshot.snapshot",
            "module.compute.random_string.suffix",
            "module.database.azurerm_mysql_flexible_server.www_mysql",
            "module.database.azurerm_redis_cache.www_redis",
            "module.database.random_string.mysql_suffix",
            "module.database.random_string.redis_suffix",
            "module.network_central.azurerm_lb.vmss_lb",
            "module.network_central.azurerm_lb.was_lb",
            "module.network_central.azurerm_lb_backend_address_pool.bpepool",
            "module.network_central.azurerm_lb_nat_pool.ssh_nat_pool",
            "module.network_central.azurerm_lb_probe.vmss_probe",
            "module.network_central.azurerm_public_ip.lb_pip",
            "module.network_central.azurerm_subnet.subnets",
            "module.network_central.azurerm_virtual_network.vnet",
            "module.security.azurerm_monitor_action_group.main",
            "module.storage.azurerm_storage_account.www_sa",
            "module.storage.random_string.sa_suffix"
          ]
        }
      ]
    },
    {
      "module": "module.security",
      "mode": "managed",
      "type": "azurerm_monitor_metric_alert",
      "name": "webvm_memory",
      "provider": "provider[\"registry.terraform.io/hashicorp/azurerm\"]",
      "instances": [
        {
          "schema_version": 1,
          "attributes": {
            "action": [
              {
                "action_group_id": "/subscriptions/99b79efe-ebd6-468c-b39f-5669acb259e1/resourceGroups/04-t1-www-rg/providers/Microsoft.Insights/actionGroups/www-alerts",
                "webhook_properties": {}
              }
            ],
            "application_insights_web_test_location_availability_criteria": [],
            "auto_mitigate": true,
            "criteria": [
              {
                "aggregation": "Average",
                "dimension": [],
                "metric_name": "Available Memory Bytes",
                "metric_namespace": "Microsoft.Compute/virtualMachines",
                "operator": "LessThan",
                "skip_metric_validation": false,
                "threshold": 524288000
              }
            ],
            "description": "Alert when Web VM memory usage exceeds 85%",
            "dynamic_criteria": [],
            "enabled": true,
            "frequency": "PT5M",
            "id": "/subscriptions/99b79efe-ebd6-468c-b39f-5669acb259e1/resourceGroups/04-t1-www-rg/providers/Microsoft.Insights/metricAlerts/webvm-memory-alert",
            "name": "webvm-memory-alert",
            "resource_group_name": "04-t1-www-rg",
            "scopes": [
              "/subscriptions/99b79efe-ebd6-468c-b39f-5669acb259e1/resourceGroups/04-t1-www-rg/providers/Microsoft.Compute/virtualMachines/webvm"
            ],
            "severity": 2,
            "tags": {},
            "target_resource_location": "",
            "target_resource_type": "",
            "timeouts": null,
            "window_size": "PT5M"
          },
          "sensitive_attributes": [],
          "identity_schema_version": 0,
          "private": "eyJlMmJmYjczMC1lY2FhLTExZTYtOGY4OC0zNDM2M2JjN2M0YzAiOnsiY3JlYXRlIjoxODAwMDAwMDAwMDAwLCJkZWxldGUiOjE4MDAwMDAwMDAwMDAsInJlYWQiOjMwMDAwMDAwMDAwMCwidXBkYXRlIjoxODAwMDAwMDAwMDAwfSwic2NoZW1hX3ZlcnNpb24iOiIxIn0=",
          "dependencies": [
            "azurerm_resource_group.rg",
            "module.compute.azurerm_linux_virtual_machine.webvm",
            "module.compute.azurerm_network_interface.webvm_nic",
            "module.database.azurerm_mysql_flexible_server.www_mysql",
            "module.database.azurerm_redis_cache.www_redis",
            "module.database.random_string.mysql_suffix",
            "module.database.random_string.redis_suffix",
            "module.network_central.azurerm_subnet.subnets",
            "module.network_central.azurerm_virtual_network.vnet",
            "module.security.azurerm_monitor_action_group.main",
            "module.storage.azurerm_storage_account.www_sa",
            "module.storage.random_string.sa_suffix"
          ]
        }
      ]
    },
    {
      "module": "module.security",
      "mode": "managed",
      "type": "azurerm_network_security_group",
      "name": "nsg_db",
      "provider": "provider[\"registry.terraform.io/hashicorp/azurerm\"]",
      "instances": [
        {
          "schema_version": 0,
          "attributes": {
            "id": "/subscriptions/99b79efe-ebd6-468c-b39f-5669acb259e1/resourceGroups/04-t1-www-rg/providers/Microsoft.Network/networkSecurityGroups/www-nsg-db",
            "location": "koreacentral",
            "name": "www-nsg-db",
            "resource_group_name": "04-t1-www-rg",
            "security_rule": [
              {
                "access": "Allow",
                "description": "",
                "destination_address_prefix": "*",
                "destination_address_prefixes": [],
                "destination_application_security_group_ids": [],
                "destination_port_range": "3306",
                "destination_port_ranges": [],
                "direction": "Inbound",
                "name": "allow-mysql-internal",
                "priority": 100,
                "protocol": "Tcp",
                "source_address_prefix": "",
                "source_address_prefixes": [
                  "10.0.1.0/24",
                  "192.168.0.0/16"
                ],
                "source_application_security_group_ids": [],
                "source_port_range": "*",
                "source_port_ranges": []
              },
              {
                "access": "Deny",
                "description": "",
                "destination_address_prefix": "*",
                "destination_address_prefixes": [],
                "destination_application_security_group_ids": [],
                "destination_port_range": "*",
                "destination_port_ranges": [],
                "direction": "Inbound",
                "name": "deny-all-inbound",
                "priority": 4096,
                "protocol": "*",
                "source_address_prefix": "*",
                "source_address_prefixes": [],
                "source_application_security_group_ids": [],
                "source_port_range": "*",
                "source_port_ranges": []
              }
            ],
            "tags": {
              "Environment": "Production",
              "ManagedBy": "Terraform",
              "Purpose": "Database-Access"
            },
            "timeouts": null
          },
          "sensitive_attributes": [],
          "identity_schema_version": 0,
          "identity": {
            "name": "www-nsg-db",
            "resource_group_name": "04-t1-www-rg",
            "subscription_id": "99b79efe-ebd6-468c-b39f-5669acb259e1"
          },
          "private": "eyJlMmJmYjczMC1lY2FhLTExZTYtOGY4OC0zNDM2M2JjN2M0YzAiOnsiY3JlYXRlIjoxODAwMDAwMDAwMDAwLCJkZWxldGUiOjE4MDAwMDAwMDAwMDAsInJlYWQiOjMwMDAwMDAwMDAwMCwidXBkYXRlIjoxODAwMDAwMDAwMDAwfX0=",
          "dependencies": [
            "azurerm_resource_group.rg"
          ]
        }
      ]
    },
    {
      "module": "module.security",
      "mode": "managed",
      "type": "azurerm_network_security_group",
      "name": "nsg_http",
      "provider": "provider[\"registry.terraform.io/hashicorp/azurerm\"]",
      "instances": [
        {
          "schema_version": 0,
          "attributes": {
            "id": "/subscriptions/99b79efe-ebd6-468c-b39f-5669acb259e1/resourceGroups/04-t1-www-rg/providers/Microsoft.Network/networkSecurityGroups/www-nsg-http",
            "location": "koreacentral",
            "name": "www-nsg-http",
            "resource_group_name": "04-t1-www-rg",
            "security_rule": [
              {
                "access": "Allow",
                "description": "",
                "destination_address_prefix": "*",
                "destination_address_prefixes": [],
                "destination_application_security_group_ids": [],
                "destination_port_range": "",
                "destination_port_ranges": [
                  "443",
                  "80"
                ],
                "direction": "Inbound",
                "name": "allow-http-https",
                "priority": 100,
                "protocol": "Tcp",
                "source_address_prefix": "*",
                "source_address_prefixes": [],
                "source_application_security_group_ids": [],
                "source_port_range": "*",
                "source_port_ranges": []
              },
              {
                "access": "Allow",
                "description": "",
                "destination_address_prefix": "*",
                "destination_address_prefixes": [],
                "destination_application_security_group_ids": [],
                "destination_port_range": "*",
                "destination_port_ranges": [],
                "direction": "Inbound",
                "name": "allow-azure-load-balancer",
                "priority": 120,
                "protocol": "*",
                "source_address_prefix": "AzureLoadBalancer",
                "source_address_prefixes": [],
                "source_application_security_group_ids": [],
                "source_port_range": "*",
                "source_port_ranges": []
              },
              {
                "access": "Allow",
                "description": "",
                "destination_address_prefix": "*",
                "destination_address_prefixes": [],
                "destination_application_security_group_ids": [],
                "destination_port_range": "22",
                "destination_port_ranges": [],
                "direction": "Inbound",
                "name": "allow-ssh-from-bastion",
                "priority": 110,
                "protocol": "Tcp",
                "source_address_prefix": "",
                "source_address_prefixes": [
                  "10.0.1.0/24",
                  "10.1.1.0/24"
                ],
                "source_application_security_group_ids": [],
                "source_port_range": "*",
                "source_port_ranges": []
              },
              {
                "access": "Allow",
                "description": "",
                "destination_address_prefix": "Internet",
                "destination_address_prefixes": [],
                "destination_application_security_group_ids": [],
                "destination_port_range": "",
                "destination_port_ranges": [
                  "443",
                  "80"
                ],
                "direction": "Outbound",
                "name": "allow-web-outbound",
                "priority": 100,
                "protocol": "Tcp",
                "source_address_prefix": "*",
                "source_address_prefixes": [],
                "source_application_security_group_ids": [],
                "source_port_range": "*",
                "source_port_ranges": []
              },
              {
                "access": "Allow",
                "description": "",
                "destination_address_prefix": "Internet",
                "destination_address_prefixes": [],
                "destination_application_security_group_ids": [],
                "destination_port_range": "53",
                "destination_port_ranges": [],
                "direction": "Outbound",
                "name": "allow-dns-outbound",
                "priority": 110,
                "protocol": "Udp",
                "source_address_prefix": "*",
                "source_address_prefixes": [],
                "source_application_security_group_ids": [],
                "source_port_range": "*",
                "source_port_ranges": []
              },
              {
                "access": "Deny",
                "description": "",
                "destination_address_prefix": "*",
                "destination_address_prefixes": [],
                "destination_application_security_group_ids": [],
                "destination_port_range": "*",
                "destination_port_ranges": [],
                "direction": "Inbound",
                "name": "deny-all-inbound",
                "priority": 4096,
                "protocol": "*",
                "source_address_prefix": "*",
                "source_address_prefixes": [],
                "source_application_security_group_ids": [],
                "source_port_range": "*",
                "source_port_ranges": []
              }
            ],
            "tags": {
              "Environment": "Production",
              "ManagedBy": "Terraform",
              "Purpose": "Web-Access"
            },
            "timeouts": null
          },
          "sensitive_attributes": [],
          "identity_schema_version": 0,
          "identity": {
            "name": "www-nsg-http",
            "resource_group_name": "04-t1-www-rg",
            "subscription_id": "99b79efe-ebd6-468c-b39f-5669acb259e1"
          },
          "private": "eyJlMmJmYjczMC1lY2FhLTExZTYtOGY4OC0zNDM2M2JjN2M0YzAiOnsiY3JlYXRlIjoxODAwMDAwMDAwMDAwLCJkZWxldGUiOjE4MDAwMDAwMDAwMDAsInJlYWQiOjMwMDAwMDAwMDAwMCwidXBkYXRlIjoxODAwMDAwMDAwMDAwfX0=",
          "dependencies": [
            "azurerm_resource_group.rg"
          ]
        }
      ]
    },
    {
      "module": "module.security",
      "mode": "managed",
      "type": "azurerm_network_security_group",
      "name": "nsg_hub_bastion",
      "provider": "provider[\"registry.terraform.io/hashicorp/azurerm\"]",
      "instances": [
        {
          "schema_version": 0,
          "attributes": {
            "id": "/subscriptions/99b79efe-ebd6-468c-b39f-5669acb259e1/resourceGroups/04-t1-www-rg/providers/Microsoft.Network/networkSecurityGroups/hub-nsg-bastion",
            "location": "koreacentral",
            "name": "hub-nsg-bastion",
            "resource_group_name": "04-t1-www-rg",
            "security_rule": [
              {
                "access": "Allow",
                "description": "",
                "destination_address_prefix": "*",
                "destination_address_prefixes": [],
                "destination_application_security_group_ids": [],
                "destination_port_range": "443",
                "destination_port_ranges": [],
                "direction": "Inbound",
                "name": "AllowAzureLoadBalancerInbound",
                "priority": 140,
                "protocol": "Tcp",
                "source_address_prefix": "AzureLoadBalancer",
                "source_address_prefixes": [],
                "source_application_security_group_ids": [],
                "source_port_range": "*",
                "source_port_ranges": []
              },
              {
                "access": "Allow",
                "description": "",
                "destination_address_prefix": "*",
                "destination_address_prefixes": [],
                "destination_application_security_group_ids": [],
                "destination_port_range": "443",
                "destination_port_ranges": [],
                "direction": "Inbound",
                "name": "AllowGatewayManagerInbound",
                "priority": 130,
                "protocol": "Tcp",
                "source_address_prefix": "GatewayManager",
                "source_address_prefixes": [],
                "source_application_security_group_ids": [],
                "source_port_range": "*",
                "source_port_ranges": []
              },
              {
                "access": "Allow",
                "description": "",
                "destination_address_prefix": "*",
                "destination_address_prefixes": [],
                "destination_application_security_group_ids": [],
                "destination_port_range": "443",
                "destination_port_ranges": [],
                "direction": "Inbound",
                "name": "AllowHttpsInbound",
                "priority": 120,
                "protocol": "Tcp",
                "source_address_prefix": "Internet",
                "source_address_prefixes": [],
                "source_application_security_group_ids": [],
                "source_port_range": "*",
                "source_port_ranges": []
              },
              {
                "access": "Allow",
                "description": "",
                "destination_address_prefix": "AzureCloud",
                "destination_address_prefixes": [],
                "destination_application_security_group_ids": [],
                "destination_port_range": "443",
                "destination_port_ranges": [],
                "direction": "Outbound",
                "name": "AllowAzureCloudOutbound",
                "priority": 110,
                "protocol": "Tcp",
                "source_address_prefix": "*",
                "source_address_prefixes": [],
                "source_application_security_group_ids": [],
                "source_port_range": "*",
                "source_port_ranges": []
              },
              {
                "access": "Allow",
                "description": "",
                "destination_address_prefix": "Internet",
                "destination_address_prefixes": [],
                "destination_application_security_group_ids": [],
                "destination_port_range": "80",
                "destination_port_ranges": [],
                "direction": "Outbound",
                "name": "AllowGetSessionInformation",
                "priority": 130,
                "protocol": "*",
                "source_address_prefix": "*",
                "source_address_prefixes": [],
                "source_application_security_group_ids": [],
                "source_port_range": "*",
                "source_port_ranges": []
              },
              {
                "access": "Allow",
                "description": "",
                "destination_address_prefix": "VirtualNetwork",
                "destination_address_prefixes": [],
                "destination_application_security_group_ids": [],
                "destination_port_range": "",
                "destination_port_ranges": [
                  "22",
                  "3389"
                ],
                "direction": "Outbound",
                "name": "AllowSshRdpOutbound",
                "priority": 100,
                "protocol": "*",
                "source_address_prefix": "*",
                "source_address_prefixes": [],
                "source_application_security_group_ids": [],
                "source_port_range": "*",
                "source_port_ranges": []
              },
              {
                "access": "Allow",
                "description": "",
                "destination_address_prefix": "VirtualNetwork",
                "destination_address_prefixes": [],
                "destination_application_security_group_ids": [],
                "destination_port_range": "",
                "destination_port_ranges": [
                  "5701",
                  "8080"
                ],
                "direction": "Inbound",
                "name": "AllowBastionHostCommunication",
                "priority": 150,
                "protocol": "*",
                "source_address_prefix": "VirtualNetwork",
                "source_address_prefixes": [],
                "source_application_security_group_ids": [],
                "source_port_range": "*",
                "source_port_ranges": []
              },
              {
                "access": "Allow",
                "description": "",
                "destination_address_prefix": "VirtualNetwork",
                "destination_address_prefixes": [],
                "destination_application_security_group_ids": [],
                "destination_port_range": "",
                "destination_port_ranges": [
                  "5701",
                  "8080"
                ],
                "direction": "Outbound",
                "name": "AllowBastionCommunicationOutbound",
                "priority": 120,
                "protocol": "*",
                "source_address_prefix": "VirtualNetwork",
                "source_address_prefixes": [],
                "source_application_security_group_ids": [],
                "source_port_range": "*",
                "source_port_ranges": []
              }
            ],
            "tags": {
              "Environment": "Production",
              "ManagedBy": "Terraform",
              "Purpose": "Azure-Bastion-Service"
            },
            "timeouts": null
          },
          "sensitive_attributes": [],
          "identity_schema_version": 0,
          "identity": {
            "name": "hub-nsg-bastion",
            "resource_group_name": "04-t1-www-rg",
            "subscription_id": "99b79efe-ebd6-468c-b39f-5669acb259e1"
          },
          "private": "eyJlMmJmYjczMC1lY2FhLTExZTYtOGY4OC0zNDM2M2JjN2M0YzAiOnsiY3JlYXRlIjoxODAwMDAwMDAwMDAwLCJkZWxldGUiOjE4MDAwMDAwMDAwMDAsInJlYWQiOjMwMDAwMDAwMDAwMCwidXBkYXRlIjoxODAwMDAwMDAwMDAwfX0=",
          "dependencies": [
            "azurerm_resource_group.rg"
          ]
        }
      ]
    },
    {
      "module": "module.security",
      "mode": "managed",
      "type": "azurerm_network_security_group",
      "name": "nsg_ssh",
      "provider": "provider[\"registry.terraform.io/hashicorp/azurerm\"]",
      "instances": [
        {
          "schema_version": 0,
          "attributes": {
            "id": "/subscriptions/99b79efe-ebd6-468c-b39f-5669acb259e1/resourceGroups/04-t1-www-rg/providers/Microsoft.Network/networkSecurityGroups/www-nsg-ssh",
            "location": "koreacentral",
            "name": "www-nsg-ssh",
            "resource_group_name": "04-t1-www-rg",
            "security_rule": [
              {
                "access": "Allow",
                "description": "",
                "destination_address_prefix": "*",
                "destination_address_prefixes": [],
                "destination_application_security_group_ids": [],
                "destination_port_range": "22",
                "destination_port_ranges": [],
                "direction": "Inbound",
                "name": "allow-ssh-internal",
                "priority": 100,
                "protocol": "Tcp",
                "source_address_prefix": "10.0.1.0/24",
                "source_address_prefixes": [],
                "source_application_security_group_ids": [],
                "source_port_range": "*",
                "source_port_ranges": []
              },
              {
                "access": "Deny",
                "description": "",
                "destination_address_prefix": "*",
                "destination_address_prefixes": [],
                "destination_application_security_group_ids": [],
                "destination_port_range": "*",
                "destination_port_ranges": [],
                "direction": "Inbound",
                "name": "deny-all-inbound",
                "priority": 4096,
                "protocol": "*",
                "source_address_prefix": "*",
                "source_address_prefixes": [],
                "source_application_security_group_ids": [],
                "source_port_range": "*",
                "source_port_ranges": []
              }
            ],
            "tags": {
              "Environment": "Production",
              "ManagedBy": "Terraform",
              "Purpose": "SSH-Access"
            },
            "timeouts": null
          },
          "sensitive_attributes": [],
          "identity_schema_version": 0,
          "identity": {
            "name": "www-nsg-ssh",
            "resource_group_name": "04-t1-www-rg",
            "subscription_id": "99b79efe-ebd6-468c-b39f-5669acb259e1"
          },
          "private": "eyJlMmJmYjczMC1lY2FhLTExZTYtOGY4OC0zNDM2M2JjN2M0YzAiOnsiY3JlYXRlIjoxODAwMDAwMDAwMDAwLCJkZWxldGUiOjE4MDAwMDAwMDAwMDAsInJlYWQiOjMwMDAwMDAwMDAwMCwidXBkYXRlIjoxODAwMDAwMDAwMDAwfX0=",
          "dependencies": [
            "azurerm_resource_group.rg"
          ]
        }
      ]
    },
    {
      "module": "module.security",
      "mode": "managed",
      "type": "azurerm_network_security_rule",
      "name": "db_access",
      "provider": "provider[\"registry.terraform.io/hashicorp/azurerm\"]",
      "instances": [
        {
          "schema_version": 0,
          "attributes": {
            "access": "Allow",
            "description": "",
            "destination_address_prefix": "*",
            "destination_address_prefixes": [],
            "destination_application_security_group_ids": [],
            "destination_port_range": "3306",
            "destination_port_ranges": [],
            "direction": "Inbound",
            "id": "/subscriptions/99b79efe-ebd6-468c-b39f-5669acb259e1/resourceGroups/04-t1-www-rg/providers/Microsoft.Network/networkSecurityGroups/www-nsg-db/securityRules/allow-mysql-internal",
            "name": "allow-mysql-internal",
            "network_security_group_name": "www-nsg-db",
            "priority": 100,
            "protocol": "Tcp",
            "resource_group_name": "04-t1-www-rg",
            "source_address_prefix": "",
            "source_address_prefixes": [
              "10.0.1.0/24",
              "192.168.0.0/16"
            ],
            "source_application_security_group_ids": [],
            "source_port_range": "*",
            "source_port_ranges": [],
            "timeouts": null
          },
          "sensitive_attributes": [],
          "identity_schema_version": 0,
          "identity": {
            "name": "allow-mysql-internal",
            "network_security_group_name": "www-nsg-db",
            "resource_group_name": "04-t1-www-rg",
            "subscription_id": "99b79efe-ebd6-468c-b39f-5669acb259e1"
          },
          "private": "eyJlMmJmYjczMC1lY2FhLTExZTYtOGY4OC0zNDM2M2JjN2M0YzAiOnsiY3JlYXRlIjoxODAwMDAwMDAwMDAwLCJkZWxldGUiOjE4MDAwMDAwMDAwMDAsInJlYWQiOjMwMDAwMDAwMDAwMCwidXBkYXRlIjoxODAwMDAwMDAwMDAwfX0=",
          "dependencies": [
            "azurerm_resource_group.rg",
            "module.security.azurerm_network_security_group.nsg_db"
          ]
        }
      ]
    },
    {
      "module": "module.security",
      "mode": "managed",
      "type": "azurerm_network_security_rule",
      "name": "db_deny_all",
      "provider": "provider[\"registry.terraform.io/hashicorp/azurerm\"]",
      "instances": [
        {
          "schema_version": 0,
          "attributes": {
            "access": "Deny",
            "description": "",
            "destination_address_prefix": "*",
            "destination_address_prefixes": [],
            "destination_application_security_group_ids": [],
            "destination_port_range": "*",
            "destination_port_ranges": [],
            "direction": "Inbound",
            "id": "/subscriptions/99b79efe-ebd6-468c-b39f-5669acb259e1/resourceGroups/04-t1-www-rg/providers/Microsoft.Network/networkSecurityGroups/www-nsg-db/securityRules/deny-all-inbound",
            "name": "deny-all-inbound",
            "network_security_group_name": "www-nsg-db",
            "priority": 4096,
            "protocol": "*",
            "resource_group_name": "04-t1-www-rg",
            "source_address_prefix": "*",
            "source_address_prefixes": [],
            "source_application_security_group_ids": [],
            "source_port_range": "*",
            "source_port_ranges": [],
            "timeouts": null
          },
          "sensitive_attributes": [],
          "identity_schema_version": 0,
          "identity": {
            "name": "deny-all-inbound",
            "network_security_group_name": "www-nsg-db",
            "resource_group_name": "04-t1-www-rg",
            "subscription_id": "99b79efe-ebd6-468c-b39f-5669acb259e1"
          },
          "private": "eyJlMmJmYjczMC1lY2FhLTExZTYtOGY4OC0zNDM2M2JjN2M0YzAiOnsiY3JlYXRlIjoxODAwMDAwMDAwMDAwLCJkZWxldGUiOjE4MDAwMDAwMDAwMDAsInJlYWQiOjMwMDAwMDAwMDAwMCwidXBkYXRlIjoxODAwMDAwMDAwMDAwfX0=",
          "dependencies": [
            "azurerm_resource_group.rg",
            "module.security.azurerm_network_security_group.nsg_db"
          ]
        }
      ]
    },
    {
      "module": "module.security",
      "mode": "managed",
      "type": "azurerm_network_security_rule",
      "name": "hub_bas_azure_cloud_outbound",
      "provider": "provider[\"registry.terraform.io/hashicorp/azurerm\"]",
      "instances": [
        {
          "schema_version": 0,
          "attributes": {
            "access": "Allow",
            "description": "",
            "destination_address_prefix": "AzureCloud",
            "destination_address_prefixes": [],
            "destination_application_security_group_ids": [],
            "destination_port_range": "443",
            "destination_port_ranges": [],
            "direction": "Outbound",
            "id": "/subscriptions/99b79efe-ebd6-468c-b39f-5669acb259e1/resourceGroups/04-t1-www-rg/providers/Microsoft.Network/networkSecurityGroups/hub-nsg-bastion/securityRules/AllowAzureCloudOutbound",
            "name": "AllowAzureCloudOutbound",
            "network_security_group_name": "hub-nsg-bastion",
            "priority": 110,
            "protocol": "Tcp",
            "resource_group_name": "04-t1-www-rg",
            "source_address_prefix": "*",
            "source_address_prefixes": [],
            "source_application_security_group_ids": [],
            "source_port_range": "*",
            "source_port_ranges": [],
            "timeouts": null
          },
          "sensitive_attributes": [],
          "identity_schema_version": 0,
          "identity": {
            "name": "AllowAzureCloudOutbound",
            "network_security_group_name": "hub-nsg-bastion",
            "resource_group_name": "04-t1-www-rg",
            "subscription_id": "99b79efe-ebd6-468c-b39f-5669acb259e1"
          },
          "private": "eyJlMmJmYjczMC1lY2FhLTExZTYtOGY4OC0zNDM2M2JjN2M0YzAiOnsiY3JlYXRlIjoxODAwMDAwMDAwMDAwLCJkZWxldGUiOjE4MDAwMDAwMDAwMDAsInJlYWQiOjMwMDAwMDAwMDAwMCwidXBkYXRlIjoxODAwMDAwMDAwMDAwfX0=",
          "dependencies": [
            "azurerm_resource_group.rg",
            "module.security.azurerm_network_security_group.nsg_hub_bastion"
          ]
        }
      ]
    },
    {
      "module": "module.security",
      "mode": "managed",
      "type": "azurerm_network_security_rule",
      "name": "hub_bas_communication_outbound",
      "provider": "provider[\"registry.terraform.io/hashicorp/azurerm\"]",
      "instances": [
        {
          "schema_version": 0,
          "attributes": {
            "access": "Allow",
            "description": "",
            "destination_address_prefix": "VirtualNetwork",
            "destination_address_prefixes": [],
            "destination_application_security_group_ids": [],
            "destination_port_range": "",
            "destination_port_ranges": [
              "5701",
              "8080"
            ],
            "direction": "Outbound",
            "id": "/subscriptions/99b79efe-ebd6-468c-b39f-5669acb259e1/resourceGroups/04-t1-www-rg/providers/Microsoft.Network/networkSecurityGroups/hub-nsg-bastion/securityRules/AllowBastionCommunicationOutbound",
            "name": "AllowBastionCommunicationOutbound",
            "network_security_group_name": "hub-nsg-bastion",
            "priority": 120,
            "protocol": "*",
            "resource_group_name": "04-t1-www-rg",
            "source_address_prefix": "VirtualNetwork",
            "source_address_prefixes": [],
            "source_application_security_group_ids": [],
            "source_port_range": "*",
            "source_port_ranges": [],
            "timeouts": null
          },
          "sensitive_attributes": [],
          "identity_schema_version": 0,
          "identity": {
            "name": "AllowBastionCommunicationOutbound",
            "network_security_group_name": "hub-nsg-bastion",
            "resource_group_name": "04-t1-www-rg",
            "subscription_id": "99b79efe-ebd6-468c-b39f-5669acb259e1"
          },
          "private": "eyJlMmJmYjczMC1lY2FhLTExZTYtOGY4OC0zNDM2M2JjN2M0YzAiOnsiY3JlYXRlIjoxODAwMDAwMDAwMDAwLCJkZWxldGUiOjE4MDAwMDAwMDAwMDAsInJlYWQiOjMwMDAwMDAwMDAwMCwidXBkYXRlIjoxODAwMDAwMDAwMDAwfX0=",
          "dependencies": [
            "azurerm_resource_group.rg",
            "module.security.azurerm_network_security_group.nsg_hub_bastion"
          ]
        }
      ]
    },
    {
      "module": "module.security",
      "mode": "managed",
      "type": "azurerm_network_security_rule",
      "name": "hub_bas_gateway_manager",
      "provider": "provider[\"registry.terraform.io/hashicorp/azurerm\"]",
      "instances": [
        {
          "schema_version": 0,
          "attributes": {
            "access": "Allow",
            "description": "",
            "destination_address_prefix": "*",
            "destination_address_prefixes": [],
            "destination_application_security_group_ids": [],
            "destination_port_range": "443",
            "destination_port_ranges": [],
            "direction": "Inbound",
            "id": "/subscriptions/99b79efe-ebd6-468c-b39f-5669acb259e1/resourceGroups/04-t1-www-rg/providers/Microsoft.Network/networkSecurityGroups/hub-nsg-bastion/securityRules/AllowGatewayManagerInbound",
            "name": "AllowGatewayManagerInbound",
            "network_security_group_name": "hub-nsg-bastion",
            "priority": 130,
            "protocol": "Tcp",
            "resource_group_name": "04-t1-www-rg",
            "source_address_prefix": "GatewayManager",
            "source_address_prefixes": [],
            "source_application_security_group_ids": [],
            "source_port_range": "*",
            "source_port_ranges": [],
            "timeouts": null
          },
          "sensitive_attributes": [],
          "identity_schema_version": 0,
          "identity": {
            "name": "AllowGatewayManagerInbound",
            "network_security_group_name": "hub-nsg-bastion",
            "resource_group_name": "04-t1-www-rg",
            "subscription_id": "99b79efe-ebd6-468c-b39f-5669acb259e1"
          },
          "private": "eyJlMmJmYjczMC1lY2FhLTExZTYtOGY4OC0zNDM2M2JjN2M0YzAiOnsiY3JlYXRlIjoxODAwMDAwMDAwMDAwLCJkZWxldGUiOjE4MDAwMDAwMDAwMDAsInJlYWQiOjMwMDAwMDAwMDAwMCwidXBkYXRlIjoxODAwMDAwMDAwMDAwfX0=",
          "dependencies": [
            "azurerm_resource_group.rg",
            "module.security.azurerm_network_security_group.nsg_hub_bastion"
          ]
        }
      ]
    },
    {
      "module": "module.security",
      "mode": "managed",
      "type": "azurerm_network_security_rule",
      "name": "hub_bas_get_session_outbound",
      "provider": "provider[\"registry.terraform.io/hashicorp/azurerm\"]",
      "instances": [
        {
          "schema_version": 0,
          "attributes": {
            "access": "Allow",
            "description": "",
            "destination_address_prefix": "Internet",
            "destination_address_prefixes": [],
            "destination_application_security_group_ids": [],
            "destination_port_range": "80",
            "destination_port_ranges": [],
            "direction": "Outbound",
            "id": "/subscriptions/99b79efe-ebd6-468c-b39f-5669acb259e1/resourceGroups/04-t1-www-rg/providers/Microsoft.Network/networkSecurityGroups/hub-nsg-bastion/securityRules/AllowGetSessionInformation",
            "name": "AllowGetSessionInformation",
            "network_security_group_name": "hub-nsg-bastion",
            "priority": 130,
            "protocol": "*",
            "resource_group_name": "04-t1-www-rg",
            "source_address_prefix": "*",
            "source_address_prefixes": [],
            "source_application_security_group_ids": [],
            "source_port_range": "*",
            "source_port_ranges": [],
            "timeouts": null
          },
          "sensitive_attributes": [],
          "identity_schema_version": 0,
          "identity": {
            "name": "AllowGetSessionInformation",
            "network_security_group_name": "hub-nsg-bastion",
            "resource_group_name": "04-t1-www-rg",
            "subscription_id": "99b79efe-ebd6-468c-b39f-5669acb259e1"
          },
          "private": "eyJlMmJmYjczMC1lY2FhLTExZTYtOGY4OC0zNDM2M2JjN2M0YzAiOnsiY3JlYXRlIjoxODAwMDAwMDAwMDAwLCJkZWxldGUiOjE4MDAwMDAwMDAwMDAsInJlYWQiOjMwMDAwMDAwMDAwMCwidXBkYXRlIjoxODAwMDAwMDAwMDAwfX0=",
          "dependencies": [
            "azurerm_resource_group.rg",
            "module.security.azurerm_network_security_group.nsg_hub_bastion"
          ]
        }
      ]
    },
    {
      "module": "module.security",
      "mode": "managed",
      "type": "azurerm_network_security_rule",
      "name": "hub_bas_host_communication",
      "provider": "provider[\"registry.terraform.io/hashicorp/azurerm\"]",
      "instances": [
        {
          "schema_version": 0,
          "attributes": {
            "access": "Allow",
            "description": "",
            "destination_address_prefix": "VirtualNetwork",
            "destination_address_prefixes": [],
            "destination_application_security_group_ids": [],
            "destination_port_range": "",
            "destination_port_ranges": [
              "5701",
              "8080"
            ],
            "direction": "Inbound",
            "id": "/subscriptions/99b79efe-ebd6-468c-b39f-5669acb259e1/resourceGroups/04-t1-www-rg/providers/Microsoft.Network/networkSecurityGroups/hub-nsg-bastion/securityRules/AllowBastionHostCommunication",
            "name": "AllowBastionHostCommunication",
            "network_security_group_name": "hub-nsg-bastion",
            "priority": 150,
            "protocol": "*",
            "resource_group_name": "04-t1-www-rg",
            "source_address_prefix": "VirtualNetwork",
            "source_address_prefixes": [],
            "source_application_security_group_ids": [],
            "source_port_range": "*",
            "source_port_ranges": [],
            "timeouts": null
          },
          "sensitive_attributes": [],
          "identity_schema_version": 0,
          "identity": {
            "name": "AllowBastionHostCommunication",
            "network_security_group_name": "hub-nsg-bastion",
            "resource_group_name": "04-t1-www-rg",
            "subscription_id": "99b79efe-ebd6-468c-b39f-5669acb259e1"
          },
          "private": "eyJlMmJmYjczMC1lY2FhLTExZTYtOGY4OC0zNDM2M2JjN2M0YzAiOnsiY3JlYXRlIjoxODAwMDAwMDAwMDAwLCJkZWxldGUiOjE4MDAwMDAwMDAwMDAsInJlYWQiOjMwMDAwMDAwMDAwMCwidXBkYXRlIjoxODAwMDAwMDAwMDAwfX0=",
          "dependencies": [
            "azurerm_resource_group.rg",
            "module.security.azurerm_network_security_group.nsg_hub_bastion"
          ]
        }
      ]
    },
    {
      "module": "module.security",
      "mode": "managed",
      "type": "azurerm_network_security_rule",
      "name": "hub_bas_https_inbound",
      "provider": "provider[\"registry.terraform.io/hashicorp/azurerm\"]",
      "instances": [
        {
          "schema_version": 0,
          "attributes": {
            "access": "Allow",
            "description": "",
            "destination_address_prefix": "*",
            "destination_address_prefixes": [],
            "destination_application_security_group_ids": [],
            "destination_port_range": "443",
            "destination_port_ranges": [],
            "direction": "Inbound",
            "id": "/subscriptions/99b79efe-ebd6-468c-b39f-5669acb259e1/resourceGroups/04-t1-www-rg/providers/Microsoft.Network/networkSecurityGroups/hub-nsg-bastion/securityRules/AllowHttpsInbound",
            "name": "AllowHttpsInbound",
            "network_security_group_name": "hub-nsg-bastion",
            "priority": 120,
            "protocol": "Tcp",
            "resource_group_name": "04-t1-www-rg",
            "source_address_prefix": "Internet",
            "source_address_prefixes": [],
            "source_application_security_group_ids": [],
            "source_port_range": "*",
            "source_port_ranges": [],
            "timeouts": null
          },
          "sensitive_attributes": [],
          "identity_schema_version": 0,
          "identity": {
            "name": "AllowHttpsInbound",
            "network_security_group_name": "hub-nsg-bastion",
            "resource_group_name": "04-t1-www-rg",
            "subscription_id": "99b79efe-ebd6-468c-b39f-5669acb259e1"
          },
          "private": "eyJlMmJmYjczMC1lY2FhLTExZTYtOGY4OC0zNDM2M2JjN2M0YzAiOnsiY3JlYXRlIjoxODAwMDAwMDAwMDAwLCJkZWxldGUiOjE4MDAwMDAwMDAwMDAsInJlYWQiOjMwMDAwMDAwMDAwMCwidXBkYXRlIjoxODAwMDAwMDAwMDAwfX0=",
          "dependencies": [
            "azurerm_resource_group.rg",
            "module.security.azurerm_network_security_group.nsg_hub_bastion"
          ]
        }
      ]
    },
    {
      "module": "module.security",
      "mode": "managed",
      "type": "azurerm_network_security_rule",
      "name": "hub_bas_load_balancer",
      "provider": "provider[\"registry.terraform.io/hashicorp/azurerm\"]",
      "instances": [
        {
          "schema_version": 0,
          "attributes": {
            "access": "Allow",
            "description": "",
            "destination_address_prefix": "*",
            "destination_address_prefixes": [],
            "destination_application_security_group_ids": [],
            "destination_port_range": "443",
            "destination_port_ranges": [],
            "direction": "Inbound",
            "id": "/subscriptions/99b79efe-ebd6-468c-b39f-5669acb259e1/resourceGroups/04-t1-www-rg/providers/Microsoft.Network/networkSecurityGroups/hub-nsg-bastion/securityRules/AllowAzureLoadBalancerInbound",
            "name": "AllowAzureLoadBalancerInbound",
            "network_security_group_name": "hub-nsg-bastion",
            "priority": 140,
            "protocol": "Tcp",
            "resource_group_name": "04-t1-www-rg",
            "source_address_prefix": "AzureLoadBalancer",
            "source_address_prefixes": [],
            "source_application_security_group_ids": [],
            "source_port_range": "*",
            "source_port_ranges": [],
            "timeouts": null
          },
          "sensitive_attributes": [],
          "identity_schema_version": 0,
          "identity": {
            "name": "AllowAzureLoadBalancerInbound",
            "network_security_group_name": "hub-nsg-bastion",
            "resource_group_name": "04-t1-www-rg",
            "subscription_id": "99b79efe-ebd6-468c-b39f-5669acb259e1"
          },
          "private": "eyJlMmJmYjczMC1lY2FhLTExZTYtOGY4OC0zNDM2M2JjN2M0YzAiOnsiY3JlYXRlIjoxODAwMDAwMDAwMDAwLCJkZWxldGUiOjE4MDAwMDAwMDAwMDAsInJlYWQiOjMwMDAwMDAwMDAwMCwidXBkYXRlIjoxODAwMDAwMDAwMDAwfX0=",
          "dependencies": [
            "azurerm_resource_group.rg",
            "module.security.azurerm_network_security_group.nsg_hub_bastion"
          ]
        }
      ]
    },
    {
      "module": "module.security",
      "mode": "managed",
      "type": "azurerm_network_security_rule",
      "name": "hub_bas_ssh_rdp_outbound",
      "provider": "provider[\"registry.terraform.io/hashicorp/azurerm\"]",
      "instances": [
        {
          "schema_version": 0,
          "attributes": {
            "access": "Allow",
            "description": "",
            "destination_address_prefix": "VirtualNetwork",
            "destination_address_prefixes": [],
            "destination_application_security_group_ids": [],
            "destination_port_range": "",
            "destination_port_ranges": [
              "22",
              "3389"
            ],
            "direction": "Outbound",
            "id": "/subscriptions/99b79efe-ebd6-468c-b39f-5669acb259e1/resourceGroups/04-t1-www-rg/providers/Microsoft.Network/networkSecurityGroups/hub-nsg-bastion/securityRules/AllowSshRdpOutbound",
            "name": "AllowSshRdpOutbound",
            "network_security_group_name": "hub-nsg-bastion",
            "priority": 100,
            "protocol": "*",
            "resource_group_name": "04-t1-www-rg",
            "source_address_prefix": "*",
            "source_address_prefixes": [],
            "source_application_security_group_ids": [],
            "source_port_range": "*",
            "source_port_ranges": [],
            "timeouts": null
          },
          "sensitive_attributes": [],
          "identity_schema_version": 0,
          "identity": {
            "name": "AllowSshRdpOutbound",
            "network_security_group_name": "hub-nsg-bastion",
            "resource_group_name": "04-t1-www-rg",
            "subscription_id": "99b79efe-ebd6-468c-b39f-5669acb259e1"
          },
          "private": "eyJlMmJmYjczMC1lY2FhLTExZTYtOGY4OC0zNDM2M2JjN2M0YzAiOnsiY3JlYXRlIjoxODAwMDAwMDAwMDAwLCJkZWxldGUiOjE4MDAwMDAwMDAwMDAsInJlYWQiOjMwMDAwMDAwMDAwMCwidXBkYXRlIjoxODAwMDAwMDAwMDAwfX0=",
          "dependencies": [
            "azurerm_resource_group.rg",
            "module.security.azurerm_network_security_group.nsg_hub_bastion"
          ]
        }
      ]
    },
    {
      "module": "module.security",
      "mode": "managed",
      "type": "azurerm_network_security_rule",
      "name": "ssh_deny_all",
      "provider": "provider[\"registry.terraform.io/hashicorp/azurerm\"]",
      "instances": [
        {
          "schema_version": 0,
          "attributes": {
            "access": "Deny",
            "description": "",
            "destination_address_prefix": "*",
            "destination_address_prefixes": [],
            "destination_application_security_group_ids": [],
            "destination_port_range": "*",
            "destination_port_ranges": [],
            "direction": "Inbound",
            "id": "/subscriptions/99b79efe-ebd6-468c-b39f-5669acb259e1/resourceGroups/04-t1-www-rg/providers/Microsoft.Network/networkSecurityGroups/www-nsg-ssh/securityRules/deny-all-inbound",
            "name": "deny-all-inbound",
            "network_security_group_name": "www-nsg-ssh",
            "priority": 4096,
            "protocol": "*",
            "resource_group_name": "04-t1-www-rg",
            "source_address_prefix": "*",
            "source_address_prefixes": [],
            "source_application_security_group_ids": [],
            "source_port_range": "*",
            "source_port_ranges": [],
            "timeouts": null
          },
          "sensitive_attributes": [],
          "identity_schema_version": 0,
          "identity": {
            "name": "deny-all-inbound",
            "network_security_group_name": "www-nsg-ssh",
            "resource_group_name": "04-t1-www-rg",
            "subscription_id": "99b79efe-ebd6-468c-b39f-5669acb259e1"
          },
          "private": "eyJlMmJmYjczMC1lY2FhLTExZTYtOGY4OC0zNDM2M2JjN2M0YzAiOnsiY3JlYXRlIjoxODAwMDAwMDAwMDAwLCJkZWxldGUiOjE4MDAwMDAwMDAwMDAsInJlYWQiOjMwMDAwMDAwMDAwMCwidXBkYXRlIjoxODAwMDAwMDAwMDAwfX0=",
          "dependencies": [
            "azurerm_resource_group.rg",
            "module.security.azurerm_network_security_group.nsg_ssh"
          ]
        }
      ]
    },
    {
      "module": "module.security",
      "mode": "managed",
      "type": "azurerm_network_security_rule",
      "name": "ssh_internal",
      "provider": "provider[\"registry.terraform.io/hashicorp/azurerm\"]",
      "instances": [
        {
          "schema_version": 0,
          "attributes": {
            "access": "Allow",
            "description": "",
            "destination_address_prefix": "*",
            "destination_address_prefixes": [],
            "destination_application_security_group_ids": [],
            "destination_port_range": "22",
            "destination_port_ranges": [],
            "direction": "Inbound",
            "id": "/subscriptions/99b79efe-ebd6-468c-b39f-5669acb259e1/resourceGroups/04-t1-www-rg/providers/Microsoft.Network/networkSecurityGroups/www-nsg-ssh/securityRules/allow-ssh-internal",
            "name": "allow-ssh-internal",
            "network_security_group_name": "www-nsg-ssh",
            "priority": 100,
            "protocol": "Tcp",
            "resource_group_name": "04-t1-www-rg",
            "source_address_prefix": "10.0.1.0/24",
            "source_address_prefixes": [],
            "source_application_security_group_ids": [],
            "source_port_range": "*",
            "source_port_ranges": [],
            "timeouts": null
          },
          "sensitive_attributes": [],
          "identity_schema_version": 0,
          "identity": {
            "name": "allow-ssh-internal",
            "network_security_group_name": "www-nsg-ssh",
            "resource_group_name": "04-t1-www-rg",
            "subscription_id": "99b79efe-ebd6-468c-b39f-5669acb259e1"
          },
          "private": "eyJlMmJmYjczMC1lY2FhLTExZTYtOGY4OC0zNDM2M2JjN2M0YzAiOnsiY3JlYXRlIjoxODAwMDAwMDAwMDAwLCJkZWxldGUiOjE4MDAwMDAwMDAwMDAsInJlYWQiOjMwMDAwMDAwMDAwMCwidXBkYXRlIjoxODAwMDAwMDAwMDAwfX0=",
          "dependencies": [
            "azurerm_resource_group.rg",
            "module.security.azurerm_network_security_group.nsg_ssh"
          ]
        }
      ]
    },
    {
      "module": "module.security",
      "mode": "managed",
      "type": "azurerm_network_security_rule",
      "name": "web_allow_lb",
      "provider": "provider[\"registry.terraform.io/hashicorp/azurerm\"]",
      "instances": [
        {
          "schema_version": 0,
          "attributes": {
            "access": "Allow",
            "description": "",
            "destination_address_prefix": "*",
            "destination_address_prefixes": [],
            "destination_application_security_group_ids": [],
            "destination_port_range": "*",
            "destination_port_ranges": [],
            "direction": "Inbound",
            "id": "/subscriptions/99b79efe-ebd6-468c-b39f-5669acb259e1/resourceGroups/04-t1-www-rg/providers/Microsoft.Network/networkSecurityGroups/www-nsg-http/securityRules/allow-azure-load-balancer",
            "name": "allow-azure-load-balancer",
            "network_security_group_name": "www-nsg-http",
            "priority": 120,
            "protocol": "*",
            "resource_group_name": "04-t1-www-rg",
            "source_address_prefix": "AzureLoadBalancer",
            "source_address_prefixes": [],
            "source_application_security_group_ids": [],
            "source_port_range": "*",
            "source_port_ranges": [],
            "timeouts": null
          },
          "sensitive_attributes": [],
          "identity_schema_version": 0,
          "identity": {
            "name": "allow-azure-load-balancer",
            "network_security_group_name": "www-nsg-http",
            "resource_group_name": "04-t1-www-rg",
            "subscription_id": "99b79efe-ebd6-468c-b39f-5669acb259e1"
          },
          "private": "eyJlMmJmYjczMC1lY2FhLTExZTYtOGY4OC0zNDM2M2JjN2M0YzAiOnsiY3JlYXRlIjoxODAwMDAwMDAwMDAwLCJkZWxldGUiOjE4MDAwMDAwMDAwMDAsInJlYWQiOjMwMDAwMDAwMDAwMCwidXBkYXRlIjoxODAwMDAwMDAwMDAwfX0=",
          "dependencies": [
            "azurerm_resource_group.rg",
            "module.security.azurerm_network_security_group.nsg_http"
          ]
        }
      ]
    },
    {
      "module": "module.security",
      "mode": "managed",
      "type": "azurerm_network_security_rule",
      "name": "web_deny_all",
      "provider": "provider[\"registry.terraform.io/hashicorp/azurerm\"]",
      "instances": [
        {
          "schema_version": 0,
          "attributes": {
            "access": "Deny",
            "description": "",
            "destination_address_prefix": "*",
            "destination_address_prefixes": [],
            "destination_application_security_group_ids": [],
            "destination_port_range": "*",
            "destination_port_ranges": [],
            "direction": "Inbound",
            "id": "/subscriptions/99b79efe-ebd6-468c-b39f-5669acb259e1/resourceGroups/04-t1-www-rg/providers/Microsoft.Network/networkSecurityGroups/www-nsg-http/securityRules/deny-all-inbound",
            "name": "deny-all-inbound",
            "network_security_group_name": "www-nsg-http",
            "priority": 4096,
            "protocol": "*",
            "resource_group_name": "04-t1-www-rg",
            "source_address_prefix": "*",
            "source_address_prefixes": [],
            "source_application_security_group_ids": [],
            "source_port_range": "*",
            "source_port_ranges": [],
            "timeouts": null
          },
          "sensitive_attributes": [],
          "identity_schema_version": 0,
          "identity": {
            "name": "deny-all-inbound",
            "network_security_group_name": "www-nsg-http",
            "resource_group_name": "04-t1-www-rg",
            "subscription_id": "99b79efe-ebd6-468c-b39f-5669acb259e1"
          },
          "private": "eyJlMmJmYjczMC1lY2FhLTExZTYtOGY4OC0zNDM2M2JjN2M0YzAiOnsiY3JlYXRlIjoxODAwMDAwMDAwMDAwLCJkZWxldGUiOjE4MDAwMDAwMDAwMDAsInJlYWQiOjMwMDAwMDAwMDAwMCwidXBkYXRlIjoxODAwMDAwMDAwMDAwfX0=",
          "dependencies": [
            "azurerm_resource_group.rg",
            "module.security.azurerm_network_security_group.nsg_http"
          ]
        }
      ]
    },
    {
      "module": "module.security",
      "mode": "managed",
      "type": "azurerm_network_security_rule",
      "name": "web_dns_outbound",
      "provider": "provider[\"registry.terraform.io/hashicorp/azurerm\"]",
      "instances": [
        {
          "schema_version": 0,
          "attributes": {
            "access": "Allow",
            "description": "",
            "destination_address_prefix": "Internet",
            "destination_address_prefixes": [],
            "destination_application_security_group_ids": [],
            "destination_port_range": "53",
            "destination_port_ranges": [],
            "direction": "Outbound",
            "id": "/subscriptions/99b79efe-ebd6-468c-b39f-5669acb259e1/resourceGroups/04-t1-www-rg/providers/Microsoft.Network/networkSecurityGroups/www-nsg-http/securityRules/allow-dns-outbound",
            "name": "allow-dns-outbound",
            "network_security_group_name": "www-nsg-http",
            "priority": 110,
            "protocol": "Udp",
            "resource_group_name": "04-t1-www-rg",
            "source_address_prefix": "*",
            "source_address_prefixes": [],
            "source_application_security_group_ids": [],
            "source_port_range": "*",
            "source_port_ranges": [],
            "timeouts": null
          },
          "sensitive_attributes": [],
          "identity_schema_version": 0,
          "identity": {
            "name": "allow-dns-outbound",
            "network_security_group_name": "www-nsg-http",
            "resource_group_name": "04-t1-www-rg",
            "subscription_id": "99b79efe-ebd6-468c-b39f-5669acb259e1"
          },
          "private": "eyJlMmJmYjczMC1lY2FhLTExZTYtOGY4OC0zNDM2M2JjN2M0YzAiOnsiY3JlYXRlIjoxODAwMDAwMDAwMDAwLCJkZWxldGUiOjE4MDAwMDAwMDAwMDAsInJlYWQiOjMwMDAwMDAwMDAwMCwidXBkYXRlIjoxODAwMDAwMDAwMDAwfX0=",
          "dependencies": [
            "azurerm_resource_group.rg",
            "module.security.azurerm_network_security_group.nsg_http"
          ]
        }
      ]
    },
    {
      "module": "module.security",
      "mode": "managed",
      "type": "azurerm_network_security_rule",
      "name": "web_http_https",
      "provider": "provider[\"registry.terraform.io/hashicorp/azurerm\"]",
      "instances": [
        {
          "schema_version": 0,
          "attributes": {
            "access": "Allow",
            "description": "",
            "destination_address_prefix": "*",
            "destination_address_prefixes": [],
            "destination_application_security_group_ids": [],
            "destination_port_range": "",
            "destination_port_ranges": [
              "443",
              "80"
            ],
            "direction": "Inbound",
            "id": "/subscriptions/99b79efe-ebd6-468c-b39f-5669acb259e1/resourceGroups/04-t1-www-rg/providers/Microsoft.Network/networkSecurityGroups/www-nsg-http/securityRules/allow-http-https",
            "name": "allow-http-https",
            "network_security_group_name": "www-nsg-http",
            "priority": 100,
            "protocol": "Tcp",
            "resource_group_name": "04-t1-www-rg",
            "source_address_prefix": "*",
            "source_address_prefixes": [],
            "source_application_security_group_ids": [],
            "source_port_range": "*",
            "source_port_ranges": [],
            "timeouts": null
          },
          "sensitive_attributes": [],
          "identity_schema_version": 0,
          "identity": {
            "name": "allow-http-https",
            "network_security_group_name": "www-nsg-http",
            "resource_group_name": "04-t1-www-rg",
            "subscription_id": "99b79efe-ebd6-468c-b39f-5669acb259e1"
          },
          "private": "eyJlMmJmYjczMC1lY2FhLTExZTYtOGY4OC0zNDM2M2JjN2M0YzAiOnsiY3JlYXRlIjoxODAwMDAwMDAwMDAwLCJkZWxldGUiOjE4MDAwMDAwMDAwMDAsInJlYWQiOjMwMDAwMDAwMDAwMCwidXBkYXRlIjoxODAwMDAwMDAwMDAwfX0=",
          "dependencies": [
            "azurerm_resource_group.rg",
            "module.security.azurerm_network_security_group.nsg_http"
          ]
        }
      ]
    },
    {
      "module": "module.security",
      "mode": "managed",
      "type": "azurerm_network_security_rule",
      "name": "web_outbound",
      "provider": "provider[\"registry.terraform.io/hashicorp/azurerm\"]",
      "instances": [
        {
          "schema_version": 0,
          "attributes": {
            "access": "Allow",
            "description": "",
            "destination_address_prefix": "Internet",
            "destination_address_prefixes": [],
            "destination_application_security_group_ids": [],
            "destination_port_range": "",
            "destination_port_ranges": [
              "443",
              "80"
            ],
            "direction": "Outbound",
            "id": "/subscriptions/99b79efe-ebd6-468c-b39f-5669acb259e1/resourceGroups/04-t1-www-rg/providers/Microsoft.Network/networkSecurityGroups/www-nsg-http/securityRules/allow-web-outbound",
            "name": "allow-web-outbound",
            "network_security_group_name": "www-nsg-http",
            "priority": 100,
            "protocol": "Tcp",
            "resource_group_name": "04-t1-www-rg",
            "source_address_prefix": "*",
            "source_address_prefixes": [],
            "source_application_security_group_ids": [],
            "source_port_range": "*",
            "source_port_ranges": [],
            "timeouts": null
          },
          "sensitive_attributes": [],
          "identity_schema_version": 0,
          "identity": {
            "name": "allow-web-outbound",
            "network_security_group_name": "www-nsg-http",
            "resource_group_name": "04-t1-www-rg",
            "subscription_id": "99b79efe-ebd6-468c-b39f-5669acb259e1"
          },
          "private": "eyJlMmJmYjczMC1lY2FhLTExZTYtOGY4OC0zNDM2M2JjN2M0YzAiOnsiY3JlYXRlIjoxODAwMDAwMDAwMDAwLCJkZWxldGUiOjE4MDAwMDAwMDAwMDAsInJlYWQiOjMwMDAwMDAwMDAwMCwidXBkYXRlIjoxODAwMDAwMDAwMDAwfX0=",
          "dependencies": [
            "azurerm_resource_group.rg",
            "module.security.azurerm_network_security_group.nsg_http"
          ]
        }
      ]
    },
    {
      "module": "module.security",
      "mode": "managed",
      "type": "azurerm_network_security_rule",
      "name": "web_ssh_internal",
      "provider": "provider[\"registry.terraform.io/hashicorp/azurerm\"]",
      "instances": [
        {
          "schema_version": 0,
          "attributes": {
            "access": "Allow",
            "description": "",
            "destination_address_prefix": "*",
            "destination_address_prefixes": [],
            "destination_application_security_group_ids": [],
            "destination_port_range": "22",
            "destination_port_ranges": [],
            "direction": "Inbound",
            "id": "/subscriptions/99b79efe-ebd6-468c-b39f-5669acb259e1/resourceGroups/04-t1-www-rg/providers/Microsoft.Network/networkSecurityGroups/www-nsg-http/securityRules/allow-ssh-from-bastion",
            "name": "allow-ssh-from-bastion",
            "network_security_group_name": "www-nsg-http",
            "priority": 110,
            "protocol": "Tcp",
            "resource_group_name": "04-t1-www-rg",
            "source_address_prefix": "",
            "source_address_prefixes": [
              "10.0.1.0/24",
              "10.1.1.0/24"
            ],
            "source_application_security_group_ids": [],
            "source_port_range": "*",
            "source_port_ranges": [],
            "timeouts": null
          },
          "sensitive_attributes": [],
          "identity_schema_version": 0,
          "identity": {
            "name": "allow-ssh-from-bastion",
            "network_security_group_name": "www-nsg-http",
            "resource_group_name": "04-t1-www-rg",
            "subscription_id": "99b79efe-ebd6-468c-b39f-5669acb259e1"
          },
          "private": "eyJlMmJmYjczMC1lY2FhLTExZTYtOGY4OC0zNDM2M2JjN2M0YzAiOnsiY3JlYXRlIjoxODAwMDAwMDAwMDAwLCJkZWxldGUiOjE4MDAwMDAwMDAwMDAsInJlYWQiOjMwMDAwMDAwMDAwMCwidXBkYXRlIjoxODAwMDAwMDAwMDAwfX0=",
          "dependencies": [
            "azurerm_resource_group.rg",
            "module.security.azurerm_network_security_group.nsg_http"
          ]
        }
      ]
    },
    {
      "module": "module.security",
      "mode": "managed",
      "type": "azurerm_policy_definition",
      "name": "allowed_locations",
      "provider": "provider[\"registry.terraform.io/hashicorp/azurerm\"]",
      "instances": [
        {
          "schema_version": 0,
          "attributes": {
            "description": "This policy enables you to restrict the locations your organization can specify when deploying resources.",
            "display_name": "Allowed Locations",
            "id": "/subscriptions/99b79efe-ebd6-468c-b39f-5669acb259e1/providers/Microsoft.Authorization/policyDefinitions/allowed-locations",
            "management_group_id": "",
            "metadata": "{\"category\":\"General\",\"createdBy\":\"492131b6-671b-43f1-ac1e-db6a26222569\",\"createdOn\":\"2025-12-02T01:33:38.1591957Z\",\"updatedBy\":null,\"updatedOn\":null}",
            "mode": "Indexed",
            "name": "allowed-locations",
            "parameters": "",
            "policy_rule": "{\"if\":{\"not\":{\"field\":\"location\",\"in\":[\"koreacentral\",\"global\"]}},\"then\":{\"effect\":\"Deny\"}}",
            "policy_type": "Custom",
            "role_definition_ids": [],
            "timeouts": null
          },
          "sensitive_attributes": [],
          "identity_schema_version": 0,
          "private": "eyJlMmJmYjczMC1lY2FhLTExZTYtOGY4OC0zNDM2M2JjN2M0YzAiOnsiY3JlYXRlIjoxODAwMDAwMDAwMDAwLCJkZWxldGUiOjE4MDAwMDAwMDAwMDAsInJlYWQiOjMwMDAwMDAwMDAwMCwidXBkYXRlIjoxODAwMDAwMDAwMDAwfX0="
        }
      ]
    },
    {
      "module": "module.security",
      "mode": "managed",
      "type": "azurerm_policy_definition",
      "name": "secure_transfer",
      "provider": "provider[\"registry.terraform.io/hashicorp/azurerm\"]",
      "instances": [
        {
          "schema_version": 0,
          "attributes": {
            "description": "Force Secure Transfer Required to be set to true on Storage Accounts.",
            "display_name": "Secure Transfer Required",
            "id": "/subscriptions/99b79efe-ebd6-468c-b39f-5669acb259e1/providers/Microsoft.Authorization/policyDefinitions/secure-transfer-required",
            "management_group_id": "",
            "metadata": "{\"category\":\"Storage\",\"createdBy\":\"492131b6-671b-43f1-ac1e-db6a26222569\",\"createdOn\":\"2025-12-02T01:33:38.0517451Z\",\"updatedBy\":null,\"updatedOn\":null}",
            "mode": "Indexed",
            "name": "secure-transfer-required",
            "parameters": "",
            "policy_rule": "{\"if\":{\"allOf\":[{\"equals\":\"Microsoft.Storage/storageAccounts\",\"field\":\"type\"},{\"field\":\"Microsoft.Storage/storageAccounts/supportsHttpsTrafficOnly\",\"notEquals\":\"true\"}]},\"then\":{\"effect\":\"Deny\"}}",
            "policy_type": "Custom",
            "role_definition_ids": [],
            "timeouts": null
          },
          "sensitive_attributes": [],
          "identity_schema_version": 0,
          "private": "eyJlMmJmYjczMC1lY2FhLTExZTYtOGY4OC0zNDM2M2JjN2M0YzAiOnsiY3JlYXRlIjoxODAwMDAwMDAwMDAwLCJkZWxldGUiOjE4MDAwMDAwMDAwMDAsInJlYWQiOjMwMDAwMDAwMDAwMCwidXBkYXRlIjoxODAwMDAwMDAwMDAwfX0="
        }
      ]
    },
    {
      "module": "module.security",
      "mode": "managed",
      "type": "azurerm_resource_group_policy_assignment",
      "name": "assign_allowed_locations",
      "provider": "provider[\"registry.terraform.io/hashicorp/azurerm\"]",
      "instances": [
        {
          "schema_version": 0,
          "attributes": {
            "description": "",
            "display_name": "",
            "enforce": true,
            "id": "/subscriptions/99b79efe-ebd6-468c-b39f-5669acb259e1/resourceGroups/04-t1-www-rg/providers/Microsoft.Authorization/policyAssignments/assign-allowed-locations",
            "identity": [],
            "location": "",
            "metadata": "{\"createdBy\":\"492131b6-671b-43f1-ac1e-db6a26222569\",\"createdOn\":\"2025-12-02T01:36:37.1943185Z\",\"updatedBy\":null,\"updatedOn\":null}",
            "name": "assign-allowed-locations",
            "non_compliance_message": [],
            "not_scopes": [],
            "overrides": [],
            "parameters": "",
            "policy_definition_id": "/subscriptions/99b79efe-ebd6-468c-b39f-5669acb259e1/providers/Microsoft.Authorization/policyDefinitions/allowed-locations",
            "resource_group_id": "/subscriptions/99b79efe-ebd6-468c-b39f-5669acb259e1/resourceGroups/04-t1-www-rg",
            "resource_selectors": [],
            "timeouts": null
          },
          "sensitive_attributes": [],
          "identity_schema_version": 0,
          "private": "eyJlMmJmYjczMC1lY2FhLTExZTYtOGY4OC0zNDM2M2JjN2M0YzAiOnsiY3JlYXRlIjoxODAwMDAwMDAwMDAwLCJkZWxldGUiOjE4MDAwMDAwMDAwMDAsInJlYWQiOjMwMDAwMDAwMDAwMCwidXBkYXRlIjoxODAwMDAwMDAwMDAwfX0=",
          "dependencies": [
            "azurerm_resource_group.rg",
            "module.security.azurerm_policy_definition.allowed_locations",
            "module.security.data.azurerm_client_config.current"
          ]
        }
      ]
    },
    {
      "module": "module.security",
      "mode": "managed",
      "type": "azurerm_resource_group_policy_assignment",
      "name": "assign_secure_transfer",
      "provider": "provider[\"registry.terraform.io/hashicorp/azurerm\"]",
      "instances": [
        {
          "schema_version": 0,
          "attributes": {
            "description": "",
            "display_name": "",
            "enforce": true,
            "id": "/subscriptions/99b79efe-ebd6-468c-b39f-5669acb259e1/resourceGroups/04-t1-www-rg/providers/Microsoft.Authorization/policyAssignments/assign-secure-transfer",
            "identity": [],
            "location": "",
            "metadata": "{\"createdBy\":\"492131b6-671b-43f1-ac1e-db6a26222569\",\"createdOn\":\"2025-12-02T01:36:37.130752Z\",\"updatedBy\":null,\"updatedOn\":null}",
            "name": "assign-secure-transfer",
            "non_compliance_message": [],
            "not_scopes": [],
            "overrides": [],
            "parameters": "",
            "policy_definition_id": "/subscriptions/99b79efe-ebd6-468c-b39f-5669acb259e1/providers/Microsoft.Authorization/policyDefinitions/secure-transfer-required",
            "resource_group_id": "/subscriptions/99b79efe-ebd6-468c-b39f-5669acb259e1/resourceGroups/04-t1-www-rg",
            "resource_selectors": [],
            "timeouts": null
          },
          "sensitive_attributes": [],
          "identity_schema_version": 0,
          "private": "eyJlMmJmYjczMC1lY2FhLTExZTYtOGY4OC0zNDM2M2JjN2M0YzAiOnsiY3JlYXRlIjoxODAwMDAwMDAwMDAwLCJkZWxldGUiOjE4MDAwMDAwMDAwMDAsInJlYWQiOjMwMDAwMDAwMDAwMCwidXBkYXRlIjoxODAwMDAwMDAwMDAwfX0=",
          "dependencies": [
            "azurerm_resource_group.rg",
            "module.security.azurerm_policy_definition.secure_transfer",
            "module.security.data.azurerm_client_config.current"
          ]
        }
      ]
    },
    {
      "module": "module.security",
      "mode": "managed",
      "type": "azurerm_sentinel_alert_rule_scheduled",
      "name": "malicious_ip",
      "provider": "provider[\"registry.terraform.io/hashicorp/azurerm\"]",
      "instances": [
        {
          "schema_version": 0,
          "attributes": {
            "alert_details_override": [],
            "alert_rule_template_guid": "",
            "alert_rule_template_version": "",
            "custom_details": {},
            "description": "Azure Firewall traffic monitoring (Disabled - requires log data for schema verification)",
            "display_name": "Communication with Malicious IP",
            "enabled": false,
            "entity_mapping": [],
            "event_grouping": [],
            "id": "/subscriptions/99b79efe-ebd6-468c-b39f-5669acb259e1/resourceGroups/04-t1-www-rg/providers/Microsoft.OperationalInsights/workspaces/www-law/providers/Microsoft.SecurityInsights/alertRules/Malicious IP Communication",
            "incident": [
              {
                "create_incident_enabled": true,
                "grouping": [
                  {
                    "by_alert_details": [],
                    "by_custom_details": [],
                    "by_entities": [],
                    "enabled": false,
                    "entity_matching_method": "AllEntities",
                    "lookback_duration": "PT5M",
                    "reopen_closed_incidents": false
                  }
                ]
              }
            ],
            "log_analytics_workspace_id": "/subscriptions/99b79efe-ebd6-468c-b39f-5669acb259e1/resourceGroups/04-t1-www-rg/providers/Microsoft.OperationalInsights/workspaces/www-law",
            "name": "Malicious IP Communication",
            "query": "AzureDiagnostics\r\n| where TimeGenerated \u003e ago(1h)\r\n| where ResourceType contains \"FIREWALL\"\r\n| take 1\r\n",
            "query_frequency": "PT1H",
            "query_period": "PT1H",
            "sentinel_entity_mapping": [],
            "severity": "High",
            "suppression_duration": "PT5H",
            "suppression_enabled": false,
            "tactics": [],
            "techniques": [],
            "timeouts": null,
            "trigger_operator": "GreaterThan",
            "trigger_threshold": 9999
          },
          "sensitive_attributes": [],
          "identity_schema_version": 0,
          "private": "eyJlMmJmYjczMC1lY2FhLTExZTYtOGY4OC0zNDM2M2JjN2M0YzAiOnsiY3JlYXRlIjoxODAwMDAwMDAwMDAwLCJkZWxldGUiOjE4MDAwMDAwMDAwMDAsInJlYWQiOjMwMDAwMDAwMDAwMCwidXBkYXRlIjoxODAwMDAwMDAwMDAwfX0=",
          "dependencies": [
            "azurerm_resource_group.rg",
            "module.security.azurerm_log_analytics_solution.sentinel",
            "module.security.azurerm_log_analytics_workspace.law",
            "module.security.azurerm_sentinel_log_analytics_workspace_onboarding.sentinel_onboarding"
          ]
        }
      ]
    },
    {
      "module": "module.security",
      "mode": "managed",
      "type": "azurerm_sentinel_alert_rule_scheduled",
      "name": "sensitive_file_access",
      "provider": "provider[\"registry.terraform.io/hashicorp/azurerm\"]",
      "instances": [
        {
          "schema_version": 0,
          "attributes": {
            "alert_details_override": [],
            "alert_rule_template_guid": "",
            "alert_rule_template_version": "",
            "custom_details": {},
            "description": "Detects access attempts to sensitive system files like /etc/passwd.",
            "display_name": "Access to Sensitive Files",
            "enabled": true,
            "entity_mapping": [],
            "event_grouping": [],
            "id": "/subscriptions/99b79efe-ebd6-468c-b39f-5669acb259e1/resourceGroups/04-t1-www-rg/providers/Microsoft.OperationalInsights/workspaces/www-law/providers/Microsoft.SecurityInsights/alertRules/Sensitive File Access",
            "incident": [
              {
                "create_incident_enabled": true,
                "grouping": [
                  {
                    "by_alert_details": [],
                    "by_custom_details": [],
                    "by_entities": [],
                    "enabled": false,
                    "entity_matching_method": "AllEntities",
                    "lookback_duration": "PT5M",
                    "reopen_closed_incidents": false
                  }
                ]
              }
            ],
            "log_analytics_workspace_id": "/subscriptions/99b79efe-ebd6-468c-b39f-5669acb259e1/resourceGroups/04-t1-www-rg/providers/Microsoft.OperationalInsights/workspaces/www-law",
            "name": "Sensitive File Access",
            "query": "Syslog\r\n| where SyslogMessage contains \"/etc/passwd\" or SyslogMessage contains \"/etc/shadow\"\r\n| project TimeGenerated, Computer, SyslogMessage\r\n",
            "query_frequency": "PT1H",
            "query_period": "PT1H",
            "sentinel_entity_mapping": [],
            "severity": "Medium",
            "suppression_duration": "PT5H",
            "suppression_enabled": false,
            "tactics": [],
            "techniques": [],
            "timeouts": null,
            "trigger_operator": "GreaterThan",
            "trigger_threshold": 0
          },
          "sensitive_attributes": [],
          "identity_schema_version": 0,
          "private": "eyJlMmJmYjczMC1lY2FhLTExZTYtOGY4OC0zNDM2M2JjN2M0YzAiOnsiY3JlYXRlIjoxODAwMDAwMDAwMDAwLCJkZWxldGUiOjE4MDAwMDAwMDAwMDAsInJlYWQiOjMwMDAwMDAwMDAwMCwidXBkYXRlIjoxODAwMDAwMDAwMDAwfX0=",
          "dependencies": [
            "azurerm_resource_group.rg",
            "module.security.azurerm_log_analytics_solution.sentinel",
            "module.security.azurerm_log_analytics_workspace.law",
            "module.security.azurerm_sentinel_log_analytics_workspace_onboarding.sentinel_onboarding"
          ]
        }
      ]
    },
    {
      "module": "module.security",
      "mode": "managed",
      "type": "azurerm_sentinel_alert_rule_scheduled",
      "name": "ssh_brute_force",
      "provider": "provider[\"registry.terraform.io/hashicorp/azurerm\"]",
      "instances": [
        {
          "schema_version": 0,
          "attributes": {
            "alert_details_override": [],
            "alert_rule_template_guid": "",
            "alert_rule_template_version": "",
            "custom_details": {},
            "description": "Detects 5 or more failed SSH login attempts within 5 minutes.",
            "display_name": "SSH Brute Force Attack",
            "enabled": true,
            "entity_mapping": [],
            "event_grouping": [],
            "id": "/subscriptions/99b79efe-ebd6-468c-b39f-5669acb259e1/resourceGroups/04-t1-www-rg/providers/Microsoft.OperationalInsights/workspaces/www-law/providers/Microsoft.SecurityInsights/alertRules/SSH Brute Force Detection",
            "incident": [
              {
                "create_incident_enabled": true,
                "grouping": [
                  {
                    "by_alert_details": [],
                    "by_custom_details": [],
                    "by_entities": [],
                    "enabled": false,
                    "entity_matching_method": "AllEntities",
                    "lookback_duration": "PT5M",
                    "reopen_closed_incidents": false
                  }
                ]
              }
            ],
            "log_analytics_workspace_id": "/subscriptions/99b79efe-ebd6-468c-b39f-5669acb259e1/resourceGroups/04-t1-www-rg/providers/Microsoft.OperationalInsights/workspaces/www-law",
            "name": "SSH Brute Force Detection",
            "query": "Syslog\r\n| where Facility == \"auth\" or Facility == \"authpriv\"\r\n| where SyslogMessage contains \"Failed password\"\r\n| summarize count() by Computer, Bin = bin(TimeGenerated, 5m)\r\n| where count_ \u003e 5\r\n",
            "query_frequency": "PT5M",
            "query_period": "PT5M",
            "sentinel_entity_mapping": [],
            "severity": "High",
            "suppression_duration": "PT5H",
            "suppression_enabled": false,
            "tactics": [],
            "techniques": [],
            "timeouts": null,
            "trigger_operator": "GreaterThan",
            "trigger_threshold": 0
          },
          "sensitive_attributes": [],
          "identity_schema_version": 0,
          "private": "eyJlMmJmYjczMC1lY2FhLTExZTYtOGY4OC0zNDM2M2JjN2M0YzAiOnsiY3JlYXRlIjoxODAwMDAwMDAwMDAwLCJkZWxldGUiOjE4MDAwMDAwMDAwMDAsInJlYWQiOjMwMDAwMDAwMDAwMCwidXBkYXRlIjoxODAwMDAwMDAwMDAwfX0=",
          "dependencies": [
            "azurerm_resource_group.rg",
            "module.security.azurerm_log_analytics_solution.sentinel",
            "module.security.azurerm_log_analytics_workspace.law",
            "module.security.azurerm_sentinel_log_analytics_workspace_onboarding.sentinel_onboarding"
          ]
        }
      ]
    },
    {
      "module": "module.security",
      "mode": "managed",
      "type": "azurerm_sentinel_log_analytics_workspace_onboarding",
      "name": "sentinel_onboarding",
      "provider": "provider[\"registry.terraform.io/hashicorp/azurerm\"]",
      "instances": [
        {
          "schema_version": 0,
          "attributes": {
            "customer_managed_key_enabled": false,
            "id": "/subscriptions/99b79efe-ebd6-468c-b39f-5669acb259e1/resourceGroups/04-t1-www-rg/providers/Microsoft.OperationalInsights/workspaces/www-law/providers/Microsoft.SecurityInsights/onboardingStates/default",
            "timeouts": null,
            "workspace_id": "/subscriptions/99b79efe-ebd6-468c-b39f-5669acb259e1/resourceGroups/04-t1-www-rg/providers/Microsoft.OperationalInsights/workspaces/www-law"
          },
          "sensitive_attributes": [],
          "identity_schema_version": 0,
          "private": "eyJlMmJmYjczMC1lY2FhLTExZTYtOGY4OC0zNDM2M2JjN2M0YzAiOnsiY3JlYXRlIjoxODAwMDAwMDAwMDAwLCJkZWxldGUiOjE4MDAwMDAwMDAwMDAsInJlYWQiOjMwMDAwMDAwMDAwMH19",
          "dependencies": [
            "azurerm_resource_group.rg",
            "module.security.azurerm_log_analytics_solution.sentinel",
            "module.security.azurerm_log_analytics_workspace.law"
          ]
        }
      ]
    },
    {
      "module": "module.security",
      "mode": "managed",
      "type": "random_id",
      "name": "kv",
      "provider": "provider[\"registry.terraform.io/hashicorp/random\"]",
      "instances": [
        {
          "schema_version": 0,
          "attributes": {
            "b64_std": "uNsQ/Q==",
            "b64_url": "uNsQ_Q",
            "byte_length": 4,
            "dec": "3101364477",
            "hex": "b8db10fd",
            "id": "uNsQ_Q",
            "keepers": null,
            "prefix": null
          },
          "sensitive_attributes": [],
          "identity_schema_version": 0
        }
      ]
    },
    {
      "module": "module.serverless",
      "mode": "managed",
      "type": "azurerm_linux_function_app",
      "name": "image_processor",
      "provider": "provider[\"registry.terraform.io/hashicorp/azurerm\"]",
      "instances": [
        {
          "schema_version": 1,
          "attributes": {
            "app_settings": {
              "STORAGE_CONNECTION_STRING": "DefaultEndpointsProtocol=https;AccountName=wwwstoragehdxo;AccountKey=kXUWRxjV4MDuUcAK/M+9Zh74Z37gvLoV7Mm2IBtLczfVl7T5KHzz3XD0P95bqz6YKL+Qwt1lZIRj+AStKI7TNw==;EndpointSuffix=core.windows.net",
              "THUMBNAIL_HEIGHT": "300",
              "THUMBNAIL_WIDTH": "300"
            },
            "auth_settings": [
              {
                "active_directory": [],
                "additional_login_parameters": {},
                "allowed_external_redirect_urls": [],
                "default_provider": "",
                "enabled": false,
                "facebook": [],
                "github": [],
                "google": [],
                "issuer": "",
                "microsoft": [],
                "runtime_version": "",
                "token_refresh_extension_hours": 0,
                "token_store_enabled": false,
                "twitter": [],
                "unauthenticated_client_action": ""
              }
            ],
            "auth_settings_v2": [],
            "backup": [],
            "builtin_logging_enabled": true,
            "client_certificate_enabled": false,
            "client_certificate_exclusion_paths": "",
            "client_certificate_mode": "Optional",
            "connection_string": [],
            "content_share_force_disabled": false,
            "custom_domain_verification_id": "67FB55E56820BD74EB9C69533C83FCD21FC405F2D826D4F996FC2DCF5C974CDE",
            "daily_memory_time_quota": 0,
            "default_hostname": "www-image-processor.azurewebsites.net",
            "enabled": true,
            "ftp_publish_basic_authentication_enabled": true,
            "functions_extension_version": "~4",
            "hosting_environment_id": "",
            "https_only": false,
            "id": "/subscriptions/99b79efe-ebd6-468c-b39f-5669acb259e1/resourceGroups/04-t1-www-rg/providers/Microsoft.Web/sites/www-image-processor",
            "identity": [],
            "key_vault_reference_identity_id": "SystemAssigned",
            "kind": "functionapp,linux",
            "location": "koreacentral",
            "name": "www-image-processor",
            "outbound_ip_address_list": [
              "52.231.37.184",
              "52.231.38.172",
              "52.231.33.182",
              "52.231.34.9",
              "52.231.38.95"
            ],
            "outbound_ip_addresses": "52.231.37.184,52.231.38.172,52.231.33.182,52.231.34.9,52.231.38.95",
            "possible_outbound_ip_address_list": [
              "52.231.37.184",
              "52.231.38.172",
              "52.231.33.182",
              "52.231.34.9",
              "52.231.69.201",
              "52.231.66.155",
              "20.200.234.181",
              "20.200.235.7",
              "20.200.236.212",
              "20.200.237.27",
              "20.200.237.191",
              "20.200.237.201",
              "20.214.218.33",
              "20.214.218.245",
              "20.214.218.250",
              "20.214.219.16",
              "20.214.219.54",
              "20.214.219.124",
              "52.231.38.95"
            ],
            "possible_outbound_ip_addresses": "52.231.37.184,52.231.38.172,52.231.33.182,52.231.34.9,52.231.69.201,52.231.66.155,20.200.234.181,20.200.235.7,20.200.236.212,20.200.237.27,20.200.237.191,20.200.237.201,20.214.218.33,20.214.218.245,20.214.218.250,20.214.219.16,20.214.219.54,20.214.219.124,52.231.38.95",
            "public_network_access_enabled": true,
            "resource_group_name": "04-t1-www-rg",
            "service_plan_id": "/subscriptions/99b79efe-ebd6-468c-b39f-5669acb259e1/resourceGroups/04-t1-www-rg/providers/Microsoft.Web/serverFarms/www-function-plan",
            "site_config": [
              {
                "always_on": false,
                "api_definition_url": "",
                "api_management_api_id": "",
                "app_command_line": "",
                "app_scale_limit": 200,
                "app_service_logs": [],
                "application_insights_connection_string": "",
                "application_insights_key": "",
                "application_stack": [
                  {
                    "docker": [],
                    "dotnet_version": "",
                    "java_version": "",
                    "node_version": "",
                    "powershell_core_version": "",
                    "python_version": "3.9",
                    "use_custom_runtime": false,
                    "use_dotnet_isolated_runtime": false
                  }
                ],
                "container_registry_managed_identity_client_id": "",
                "container_registry_use_managed_identity": false,
                "cors": [],
                "default_documents": [
                  "Default.htm",
                  "Default.html",
                  "Default.asp",
                  "index.htm",
                  "index.html",
                  "iisstart.htm",
                  "default.aspx",
                  "index.php"
                ],
                "detailed_error_logging_enabled": false,
                "elastic_instance_minimum": 0,
                "ftps_state": "Disabled",
                "health_check_eviction_time_in_min": 0,
                "health_check_path": "",
                "http2_enabled": false,
                "ip_restriction": [],
                "ip_restriction_default_action": "Allow",
                "linux_fx_version": "PYTHON|3.9",
                "load_balancing_mode": "LeastRequests",
                "managed_pipeline_mode": "Integrated",
                "minimum_tls_version": "1.2",
                "pre_warmed_instance_count": 0,
                "remote_debugging_enabled": false,
                "remote_debugging_version": "",
                "runtime_scale_monitoring_enabled": false,
                "scm_ip_restriction": [],
                "scm_ip_restriction_default_action": "Allow",
                "scm_minimum_tls_version": "1.2",
                "scm_type": "None",
                "scm_use_main_ip_restriction": false,
                "use_32_bit_worker": false,
                "vnet_route_all_enabled": false,
                "websockets_enabled": false,
                "worker_count": 1
              }
            ],
            "site_credential": [
              {
                "name": "$www-image-processor",
                "password": "fhCn7l37LTstbxaPTdhqe18KwBPLhrmGNi4WJwTLqZ7XQT8H965CPq7aLu4K"
              }
            ],
            "sticky_settings": [],
            "storage_account": [],
            "storage_account_access_key": "XsUYSnVrjikJVAurjnaVFfzJ1p2T4S4ZwK+Pl5VQ7T67aV/QDXBb60JNE0ma/oShN9yK/ZJJHBdu+AStgvAcIg==",
            "storage_account_name": "wwwfuncsajffx",
            "storage_key_vault_secret_id": "",
            "storage_uses_managed_identity": false,
            "tags": {
              "Environment": "Production",
              "ManagedBy": "Terraform",
              "Purpose": "Image-Processor"
            },
            "timeouts": null,
            "virtual_network_backup_restore_enabled": false,
            "virtual_network_subnet_id": "",
            "vnet_image_pull_enabled": false,
            "webdeploy_publish_basic_authentication_enabled": true,
            "zip_deploy_file": ""
          },
          "sensitive_attributes": [
            [
              {
                "type": "get_attr",
                "value": "app_settings"
              },
              {
                "type": "index",
                "value": {
                  "value": "STORAGE_CONNECTION_STRING",
                  "type": "string"
                }
              }
            ],
            [
              {
                "type": "get_attr",
                "value": "custom_domain_verification_id"
              }
            ],
            [
              {
                "type": "get_attr",
                "value": "site_config"
              },
              {
                "type": "index",
                "value": {
                  "value": 0,
                  "type": "number"
                }
              },
              {
                "type": "get_attr",
                "value": "application_insights_connection_string"
              }
            ],
            [
              {
                "type": "get_attr",
                "value": "site_config"
              },
              {
                "type": "index",
                "value": {
                  "value": 0,
                  "type": "number"
                }
              },
              {
                "type": "get_attr",
                "value": "application_insights_key"
              }
            ],
            [
              {
                "type": "get_attr",
                "value": "site_credential"
              }
            ],
            [
              {
                "type": "get_attr",
                "value": "storage_account_access_key"
              }
            ]
          ],
          "identity_schema_version": 0,
          "identity": {
            "name": "www-image-processor",
            "resource_group_name": "04-t1-www-rg",
            "subscription_id": "99b79efe-ebd6-468c-b39f-5669acb259e1"
          },
          "private": "eyJlMmJmYjczMC1lY2FhLTExZTYtOGY4OC0zNDM2M2JjN2M0YzAiOnsiY3JlYXRlIjoxODAwMDAwMDAwMDAwLCJkZWxldGUiOjE4MDAwMDAwMDAwMDAsInJlYWQiOjMwMDAwMDAwMDAwMCwidXBkYXRlIjoxODAwMDAwMDAwMDAwfSwic2NoZW1hX3ZlcnNpb24iOiIxIn0=",
          "dependencies": [
            "azurerm_resource_group.rg",
            "module.network_central.azurerm_subnet.subnets",
            "module.network_central.azurerm_virtual_network.vnet",
            "module.serverless.azurerm_service_plan.function",
            "module.serverless.azurerm_storage_account.function",
            "module.serverless.random_string.suffix",
            "module.storage.azurerm_storage_account.www_sa",
            "module.storage.random_string.sa_suffix"
          ]
        }
      ]
    },
    {
      "module": "module.serverless",
      "mode": "managed",
      "type": "azurerm_service_plan",
      "name": "function",
      "provider": "provider[\"registry.terraform.io/hashicorp/azurerm\"]",
      "instances": [
        {
          "schema_version": 1,
          "attributes": {
            "app_service_environment_id": "",
            "id": "/subscriptions/99b79efe-ebd6-468c-b39f-5669acb259e1/resourceGroups/04-t1-www-rg/providers/Microsoft.Web/serverFarms/www-function-plan",
            "kind": "functionapp",
            "location": "koreacentral",
            "maximum_elastic_worker_count": 1,
            "name": "www-function-plan",
            "os_type": "Linux",
            "per_site_scaling_enabled": false,
            "premium_plan_auto_scale_enabled": false,
            "reserved": true,
            "resource_group_name": "04-t1-www-rg",
            "sku_name": "Y1",
            "tags": {},
            "timeouts": null,
            "worker_count": 0,
            "zone_balancing_enabled": false
          },
          "sensitive_attributes": [],
          "identity_schema_version": 0,
          "private": "eyJlMmJmYjczMC1lY2FhLTExZTYtOGY4OC0zNDM2M2JjN2M0YzAiOnsiY3JlYXRlIjozNjAwMDAwMDAwMDAwLCJkZWxldGUiOjM2MDAwMDAwMDAwMDAsInJlYWQiOjMwMDAwMDAwMDAwMCwidXBkYXRlIjozNjAwMDAwMDAwMDAwfSwic2NoZW1hX3ZlcnNpb24iOiIxIn0=",
          "dependencies": [
            "azurerm_resource_group.rg"
          ]
        }
      ]
    },
    {
      "module": "module.serverless",
      "mode": "managed",
      "type": "azurerm_servicebus_namespace",
      "name": "main",
      "provider": "provider[\"registry.terraform.io/hashicorp/azurerm\"]",
      "instances": [
        {
          "schema_version": 1,
          "attributes": {
            "capacity": 0,
            "customer_managed_key": [],
            "default_primary_connection_string": "Endpoint=sb://www-servicebus.servicebus.windows.net/;SharedAccessKeyName=RootManageSharedAccessKey;SharedAccessKey=HJr6NpHQwasYkg+WzHguJxu16/jJBtAGD+ASbDUV430=",
            "default_primary_key": "HJr6NpHQwasYkg+WzHguJxu16/jJBtAGD+ASbDUV430=",
            "default_secondary_connection_string": "Endpoint=sb://www-servicebus.servicebus.windows.net/;SharedAccessKeyName=RootManageSharedAccessKey;SharedAccessKey=CKqMsTUom0yzA8pVEGpe/WjBLC0CRy0LB+ASbCkPXPw=",
            "default_secondary_key": "CKqMsTUom0yzA8pVEGpe/WjBLC0CRy0LB+ASbCkPXPw=",
            "endpoint": "https://www-servicebus.servicebus.windows.net:443/",
            "id": "/subscriptions/99b79efe-ebd6-468c-b39f-5669acb259e1/resourceGroups/04-t1-www-rg/providers/Microsoft.ServiceBus/namespaces/www-servicebus",
            "identity": [],
            "local_auth_enabled": true,
            "location": "koreacentral",
            "minimum_tls_version": "1.2",
            "name": "www-servicebus",
            "network_rule_set": [
              {
                "default_action": "Allow",
                "ip_rules": [],
                "network_rules": [],
                "public_network_access_enabled": true,
                "trusted_services_allowed": false
              }
            ],
            "premium_messaging_partitions": 0,
            "public_network_access_enabled": true,
            "resource_group_name": "04-t1-www-rg",
            "sku": "Standard",
            "tags": {
              "Environment": "Production",
              "ManagedBy": "Terraform",
              "Purpose": "Message-Queue"
            },
            "timeouts": null
          },
          "sensitive_attributes": [
            [
              {
                "type": "get_attr",
                "value": "default_primary_connection_string"
              }
            ],
            [
              {
                "type": "get_attr",
                "value": "default_primary_key"
              }
            ],
            [
              {
                "type": "get_attr",
                "value": "default_secondary_connection_string"
              }
            ],
            [
              {
                "type": "get_attr",
                "value": "default_secondary_key"
              }
            ]
          ],
          "identity_schema_version": 0,
          "private": "eyJlMmJmYjczMC1lY2FhLTExZTYtOGY4OC0zNDM2M2JjN2M0YzAiOnsiY3JlYXRlIjoxODAwMDAwMDAwMDAwLCJkZWxldGUiOjE4MDAwMDAwMDAwMDAsInJlYWQiOjMwMDAwMDAwMDAwMCwidXBkYXRlIjoxODAwMDAwMDAwMDAwfSwic2NoZW1hX3ZlcnNpb24iOiIxIn0=",
          "dependencies": [
            "azurerm_resource_group.rg"
          ]
        }
      ]
    },
    {
      "module": "module.serverless",
      "mode": "managed",
      "type": "azurerm_servicebus_queue",
      "name": "email",
      "provider": "provider[\"registry.terraform.io/hashicorp/azurerm\"]",
      "instances": [
        {
          "schema_version": 0,
          "attributes": {
            "auto_delete_on_idle": "P10675199DT2H48M5.4775807S",
            "batched_operations_enabled": true,
            "dead_lettering_on_message_expiration": false,
            "default_message_ttl": "P10675199DT2H48M5.4775807S",
            "duplicate_detection_history_time_window": "PT10M",
            "express_enabled": false,
            "forward_dead_lettered_messages_to": "",
            "forward_to": "",
            "id": "/subscriptions/99b79efe-ebd6-468c-b39f-5669acb259e1/resourceGroups/04-t1-www-rg/providers/Microsoft.ServiceBus/namespaces/www-servicebus/queues/email-queue",
            "lock_duration": "PT1M",
            "max_delivery_count": 10,
            "max_message_size_in_kilobytes": 256,
            "max_size_in_megabytes": 1024,
            "name": "email-queue",
            "namespace_id": "/subscriptions/99b79efe-ebd6-468c-b39f-5669acb259e1/resourceGroups/04-t1-www-rg/providers/Microsoft.ServiceBus/namespaces/www-servicebus",
            "partitioning_enabled": false,
            "requires_duplicate_detection": false,
            "requires_session": false,
            "status": "Active",
            "timeouts": null
          },
          "sensitive_attributes": [],
          "identity_schema_version": 0,
          "private": "eyJlMmJmYjczMC1lY2FhLTExZTYtOGY4OC0zNDM2M2JjN2M0YzAiOnsiY3JlYXRlIjoxODAwMDAwMDAwMDAwLCJkZWxldGUiOjE4MDAwMDAwMDAwMDAsInJlYWQiOjMwMDAwMDAwMDAwMCwidXBkYXRlIjoxODAwMDAwMDAwMDAwfX0=",
          "dependencies": [
            "azurerm_resource_group.rg",
            "module.serverless.azurerm_servicebus_namespace.main"
          ]
        }
      ]
    },
    {
      "module": "module.serverless",
      "mode": "managed",
      "type": "azurerm_servicebus_queue",
      "name": "image_processing",
      "provider": "provider[\"registry.terraform.io/hashicorp/azurerm\"]",
      "instances": [
        {
          "schema_version": 0,
          "attributes": {
            "auto_delete_on_idle": "P10675199DT2H48M5.4775807S",
            "batched_operations_enabled": true,
            "dead_lettering_on_message_expiration": true,
            "default_message_ttl": "P10675199DT2H48M5.4775807S",
            "duplicate_detection_history_time_window": "PT10M",
            "express_enabled": false,
            "forward_dead_lettered_messages_to": "",
            "forward_to": "",
            "id": "/subscriptions/99b79efe-ebd6-468c-b39f-5669acb259e1/resourceGroups/04-t1-www-rg/providers/Microsoft.ServiceBus/namespaces/www-servicebus/queues/image-processing-queue",
            "lock_duration": "PT1M",
            "max_delivery_count": 10,
            "max_message_size_in_kilobytes": 256,
            "max_size_in_megabytes": 5120,
            "name": "image-processing-queue",
            "namespace_id": "/subscriptions/99b79efe-ebd6-468c-b39f-5669acb259e1/resourceGroups/04-t1-www-rg/providers/Microsoft.ServiceBus/namespaces/www-servicebus",
            "partitioning_enabled": false,
            "requires_duplicate_detection": false,
            "requires_session": false,
            "status": "Active",
            "timeouts": null
          },
          "sensitive_attributes": [],
          "identity_schema_version": 0,
          "private": "eyJlMmJmYjczMC1lY2FhLTExZTYtOGY4OC0zNDM2M2JjN2M0YzAiOnsiY3JlYXRlIjoxODAwMDAwMDAwMDAwLCJkZWxldGUiOjE4MDAwMDAwMDAwMDAsInJlYWQiOjMwMDAwMDAwMDAwMCwidXBkYXRlIjoxODAwMDAwMDAwMDAwfX0=",
          "dependencies": [
            "azurerm_resource_group.rg",
            "module.serverless.azurerm_servicebus_namespace.main"
          ]
        }
      ]
    },
    {
      "module": "module.serverless",
      "mode": "managed",
      "type": "azurerm_servicebus_subscription",
      "name": "email_notifications",
      "provider": "provider[\"registry.terraform.io/hashicorp/azurerm\"]",
      "instances": [
        {
          "schema_version": 1,
          "attributes": {
            "auto_delete_on_idle": "P10675199DT2H48M5.4775807S",
            "batched_operations_enabled": false,
            "client_scoped_subscription": [],
            "client_scoped_subscription_enabled": false,
            "dead_lettering_on_filter_evaluation_error": true,
            "dead_lettering_on_message_expiration": false,
            "default_message_ttl": "P10675199DT2H48M5.4775807S",
            "forward_dead_lettered_messages_to": "",
            "forward_to": "",
            "id": "/subscriptions/99b79efe-ebd6-468c-b39f-5669acb259e1/resourceGroups/04-t1-www-rg/providers/Microsoft.ServiceBus/namespaces/www-servicebus/topics/notifications-topic/subscriptions/email-notifications",
            "lock_duration": "PT1M",
            "max_delivery_count": 10,
            "name": "email-notifications",
            "requires_session": false,
            "status": "Active",
            "timeouts": null,
            "topic_id": "/subscriptions/99b79efe-ebd6-468c-b39f-5669acb259e1/resourceGroups/04-t1-www-rg/providers/Microsoft.ServiceBus/namespaces/www-servicebus/topics/notifications-topic"
          },
          "sensitive_attributes": [],
          "identity_schema_version": 0,
          "private": "eyJlMmJmYjczMC1lY2FhLTExZTYtOGY4OC0zNDM2M2JjN2M0YzAiOnsiY3JlYXRlIjoxODAwMDAwMDAwMDAwLCJkZWxldGUiOjE4MDAwMDAwMDAwMDAsInJlYWQiOjMwMDAwMDAwMDAwMCwidXBkYXRlIjoxODAwMDAwMDAwMDAwfSwic2NoZW1hX3ZlcnNpb24iOiIxIn0=",
          "dependencies": [
            "azurerm_resource_group.rg",
            "module.serverless.azurerm_servicebus_namespace.main",
            "module.serverless.azurerm_servicebus_topic.notifications"
          ]
        }
      ]
    },
    {
      "module": "module.serverless",
      "mode": "managed",
      "type": "azurerm_servicebus_topic",
      "name": "notifications",
      "provider": "provider[\"registry.terraform.io/hashicorp/azurerm\"]",
      "instances": [
        {
          "schema_version": 0,
          "attributes": {
            "auto_delete_on_idle": "P10675199DT2H48M5.4775807S",
            "batched_operations_enabled": false,
            "default_message_ttl": "P10675199DT2H48M5.4775807S",
            "duplicate_detection_history_time_window": "PT10M",
            "express_enabled": false,
            "id": "/subscriptions/99b79efe-ebd6-468c-b39f-5669acb259e1/resourceGroups/04-t1-www-rg/providers/Microsoft.ServiceBus/namespaces/www-servicebus/topics/notifications-topic",
            "max_message_size_in_kilobytes": 256,
            "max_size_in_megabytes": 5120,
            "name": "notifications-topic",
            "namespace_id": "/subscriptions/99b79efe-ebd6-468c-b39f-5669acb259e1/resourceGroups/04-t1-www-rg/providers/Microsoft.ServiceBus/namespaces/www-servicebus",
            "partitioning_enabled": false,
            "requires_duplicate_detection": false,
            "status": "Active",
            "support_ordering": false,
            "timeouts": null
          },
          "sensitive_attributes": [],
          "identity_schema_version": 0,
          "private": "eyJlMmJmYjczMC1lY2FhLTExZTYtOGY4OC0zNDM2M2JjN2M0YzAiOnsiY3JlYXRlIjoxODAwMDAwMDAwMDAwLCJkZWxldGUiOjE4MDAwMDAwMDAwMDAsInJlYWQiOjMwMDAwMDAwMDAwMCwidXBkYXRlIjoxODAwMDAwMDAwMDAwfX0=",
          "dependencies": [
            "azurerm_resource_group.rg",
            "module.serverless.azurerm_servicebus_namespace.main"
          ]
        }
      ]
    },
    {
      "module": "module.serverless",
      "mode": "managed",
      "type": "azurerm_storage_account",
      "name": "function",
      "provider": "provider[\"registry.terraform.io/hashicorp/azurerm\"]",
      "instances": [
        {
          "schema_version": 4,
          "attributes": {
            "access_tier": "Hot",
            "account_kind": "StorageV2",
            "account_replication_type": "ZRS",
            "account_tier": "Standard",
            "allow_nested_items_to_be_public": true,
            "allowed_copy_scope": "",
            "azure_files_authentication": [],
            "blob_properties": [
              {
                "change_feed_enabled": false,
                "change_feed_retention_in_days": 0,
                "container_delete_retention_policy": [],
                "cors_rule": [],
                "default_service_version": "",
                "delete_retention_policy": [],
                "last_access_time_enabled": false,
                "restore_policy": [],
                "versioning_enabled": false
              }
            ],
            "cross_tenant_replication_enabled": false,
            "custom_domain": [],
            "customer_managed_key": [],
            "default_to_oauth_authentication": false,
            "dns_endpoint_type": "Standard",
            "edge_zone": "",
            "https_traffic_only_enabled": true,
            "id": "/subscriptions/99b79efe-ebd6-468c-b39f-5669acb259e1/resourceGroups/04-t1-www-rg/providers/Microsoft.Storage/storageAccounts/wwwfuncsajffx",
            "identity": [],
            "immutability_policy": [],
            "infrastructure_encryption_enabled": false,
            "is_hns_enabled": false,
            "large_file_share_enabled": false,
            "local_user_enabled": true,
            "location": "koreacentral",
            "min_tls_version": "TLS1_2",
            "name": "wwwfuncsajffx",
            "network_rules": [],
            "nfsv3_enabled": false,
            "primary_access_key": "XsUYSnVrjikJVAurjnaVFfzJ1p2T4S4ZwK+Pl5VQ7T67aV/QDXBb60JNE0ma/oShN9yK/ZJJHBdu+AStgvAcIg==",
            "primary_blob_connection_string": "DefaultEndpointsProtocol=https;BlobEndpoint=https://wwwfuncsajffx.blob.core.windows.net/;AccountName=wwwfuncsajffx;AccountKey=XsUYSnVrjikJVAurjnaVFfzJ1p2T4S4ZwK+Pl5VQ7T67aV/QDXBb60JNE0ma/oShN9yK/ZJJHBdu+AStgvAcIg==",
            "primary_blob_endpoint": "https://wwwfuncsajffx.blob.core.windows.net/",
            "primary_blob_host": "wwwfuncsajffx.blob.core.windows.net",
            "primary_blob_internet_endpoint": "",
            "primary_blob_internet_host": "",
            "primary_blob_microsoft_endpoint": "",
            "primary_blob_microsoft_host": "",
            "primary_connection_string": "DefaultEndpointsProtocol=https;AccountName=wwwfuncsajffx;AccountKey=XsUYSnVrjikJVAurjnaVFfzJ1p2T4S4ZwK+Pl5VQ7T67aV/QDXBb60JNE0ma/oShN9yK/ZJJHBdu+AStgvAcIg==;EndpointSuffix=core.windows.net",
            "primary_dfs_endpoint": "https://wwwfuncsajffx.dfs.core.windows.net/",
            "primary_dfs_host": "wwwfuncsajffx.dfs.core.windows.net",
            "primary_dfs_internet_endpoint": "",
            "primary_dfs_internet_host": "",
            "primary_dfs_microsoft_endpoint": "",
            "primary_dfs_microsoft_host": "",
            "primary_file_endpoint": "https://wwwfuncsajffx.file.core.windows.net/",
            "primary_file_host": "wwwfuncsajffx.file.core.windows.net",
            "primary_file_internet_endpoint": "",
            "primary_file_internet_host": "",
            "primary_file_microsoft_endpoint": "",
            "primary_file_microsoft_host": "",
            "primary_location": "koreacentral",
            "primary_queue_endpoint": "https://wwwfuncsajffx.queue.core.windows.net/",
            "primary_queue_host": "wwwfuncsajffx.queue.core.windows.net",
            "primary_queue_microsoft_endpoint": "",
            "primary_queue_microsoft_host": "",
            "primary_table_endpoint": "https://wwwfuncsajffx.table.core.windows.net/",
            "primary_table_host": "wwwfuncsajffx.table.core.windows.net",
            "primary_table_microsoft_endpoint": "",
            "primary_table_microsoft_host": "",
            "primary_web_endpoint": "https://wwwfuncsajffx.z12.web.core.windows.net/",
            "primary_web_host": "wwwfuncsajffx.z12.web.core.windows.net",
            "primary_web_internet_endpoint": "",
            "primary_web_internet_host": "",
            "primary_web_microsoft_endpoint": "",
            "primary_web_microsoft_host": "",
            "provisioned_billing_model_version": "",
            "public_network_access_enabled": true,
            "queue_encryption_key_type": "Service",
            "queue_properties": [
              {
                "cors_rule": [],
                "hour_metrics": [
                  {
                    "enabled": false,
                    "include_apis": false,
                    "retention_policy_days": 0,
                    "version": "1.0"
                  }
                ],
                "logging": [
                  {
                    "delete": false,
                    "read": false,
                    "retention_policy_days": 0,
                    "version": "1.0",
                    "write": false
                  }
                ],
                "minute_metrics": [
                  {
                    "enabled": false,
                    "include_apis": false,
                    "retention_policy_days": 0,
                    "version": "1.0"
                  }
                ]
              }
            ],
            "resource_group_name": "04-t1-www-rg",
            "routing": [],
            "sas_policy": [],
            "secondary_access_key": "XuHrszz6iaBAuAqoS/uuYLV7balvgB2uutwlZMs1CNrFmpUjkU0gOrdp+fonQGd174DoOeXcAn8C+AStsO9Rsg==",
            "secondary_blob_connection_string": "",
            "secondary_blob_endpoint": "",
            "secondary_blob_host": "",
            "secondary_blob_internet_endpoint": "",
            "secondary_blob_internet_host": "",
            "secondary_blob_microsoft_endpoint": "",
            "secondary_blob_microsoft_host": "",
            "secondary_connection_string": "DefaultEndpointsProtocol=https;AccountName=wwwfuncsajffx;AccountKey=XuHrszz6iaBAuAqoS/uuYLV7balvgB2uutwlZMs1CNrFmpUjkU0gOrdp+fonQGd174DoOeXcAn8C+AStsO9Rsg==;EndpointSuffix=core.windows.net",
            "secondary_dfs_endpoint": "",
            "secondary_dfs_host": "",
            "secondary_dfs_internet_endpoint": "",
            "secondary_dfs_internet_host": "",
            "secondary_dfs_microsoft_endpoint": "",
            "secondary_dfs_microsoft_host": "",
            "secondary_file_endpoint": "",
            "secondary_file_host": "",
            "secondary_file_internet_endpoint": "",
            "secondary_file_internet_host": "",
            "secondary_file_microsoft_endpoint": "",
            "secondary_file_microsoft_host": "",
            "secondary_location": "",
            "secondary_queue_endpoint": "",
            "secondary_queue_host": "",
            "secondary_queue_microsoft_endpoint": "",
            "secondary_queue_microsoft_host": "",
            "secondary_table_endpoint": "",
            "secondary_table_host": "",
            "secondary_table_microsoft_endpoint": "",
            "secondary_table_microsoft_host": "",
            "secondary_web_endpoint": "",
            "secondary_web_host": "",
            "secondary_web_internet_endpoint": "",
            "secondary_web_internet_host": "",
            "secondary_web_microsoft_endpoint": "",
            "secondary_web_microsoft_host": "",
            "sftp_enabled": false,
            "share_properties": [
              {
                "cors_rule": [],
                "retention_policy": [
                  {
                    "days": 7
                  }
                ],
                "smb": []
              }
            ],
            "shared_access_key_enabled": true,
            "static_website": [],
            "table_encryption_key_type": "Service",
            "tags": {
              "Environment": "Production",
              "ManagedBy": "Terraform",
              "Purpose": "Function-Storage"
            },
            "timeouts": null
          },
          "sensitive_attributes": [
            [
              {
                "type": "get_attr",
                "value": "primary_access_key"
              }
            ],
            [
              {
                "type": "get_attr",
                "value": "primary_blob_connection_string"
              }
            ],
            [
              {
                "type": "get_attr",
                "value": "primary_connection_string"
              }
            ],
            [
              {
                "type": "get_attr",
                "value": "secondary_access_key"
              }
            ],
            [
              {
                "type": "get_attr",
                "value": "secondary_blob_connection_string"
              }
            ],
            [
              {
                "type": "get_attr",
                "value": "secondary_connection_string"
              }
            ]
          ],
          "identity_schema_version": 0,
          "identity": {
            "name": "wwwfuncsajffx",
            "resource_group_name": "04-t1-www-rg",
            "subscription_id": "99b79efe-ebd6-468c-b39f-5669acb259e1"
          },
          "private": "eyJlMmJmYjczMC1lY2FhLTExZTYtOGY4OC0zNDM2M2JjN2M0YzAiOnsiY3JlYXRlIjozNjAwMDAwMDAwMDAwLCJkZWxldGUiOjM2MDAwMDAwMDAwMDAsInJlYWQiOjMwMDAwMDAwMDAwMCwidXBkYXRlIjozNjAwMDAwMDAwMDAwfSwic2NoZW1hX3ZlcnNpb24iOiI0In0=",
          "dependencies": [
            "azurerm_resource_group.rg",
            "module.serverless.random_string.suffix"
          ]
        }
      ]
    },
    {
      "module": "module.serverless",
      "mode": "managed",
      "type": "random_string",
      "name": "suffix",
      "provider": "provider[\"registry.terraform.io/hashicorp/random\"]",
      "instances": [
        {
          "schema_version": 2,
          "attributes": {
            "id": "jffx",
            "keepers": null,
            "length": 4,
            "lower": true,
            "min_lower": 0,
            "min_numeric": 0,
            "min_special": 0,
            "min_upper": 0,
            "number": true,
            "numeric": true,
            "override_special": null,
            "result": "jffx",
            "special": false,
            "upper": false
          },
          "sensitive_attributes": [],
          "identity_schema_version": 0
        }
      ]
    },
    {
      "module": "module.storage",
      "mode": "managed",
      "type": "azurerm_cdn_frontdoor_endpoint",
      "name": "www_fd_endpoint",
      "provider": "provider[\"registry.terraform.io/hashicorp/azurerm\"]",
      "instances": [
        {
          "schema_version": 0,
          "attributes": {
            "cdn_frontdoor_profile_id": "/subscriptions/99b79efe-ebd6-468c-b39f-5669acb259e1/resourceGroups/04-t1-www-rg/providers/Microsoft.Cdn/profiles/www-cdn-profile",
            "enabled": true,
            "host_name": "www-fd-endpoint-4xu1w6-fsg3f5fzcqgfhma7.a02.azurefd.net",
            "id": "/subscriptions/99b79efe-ebd6-468c-b39f-5669acb259e1/resourceGroups/04-t1-www-rg/providers/Microsoft.Cdn/profiles/www-cdn-profile/afdEndpoints/www-fd-endpoint-4xu1w6",
            "name": "www-fd-endpoint-4xu1w6",
            "tags": {},
            "timeouts": null
          },
          "sensitive_attributes": [],
          "identity_schema_version": 0,
          "private": "eyJlMmJmYjczMC1lY2FhLTExZTYtOGY4OC0zNDM2M2JjN2M0YzAiOnsiY3JlYXRlIjoxODAwMDAwMDAwMDAwLCJkZWxldGUiOjE4MDAwMDAwMDAwMDAsInJlYWQiOjMwMDAwMDAwMDAwMCwidXBkYXRlIjoxODAwMDAwMDAwMDAwfX0=",
          "dependencies": [
            "azurerm_resource_group.rg",
            "module.storage.azurerm_cdn_frontdoor_profile.www_cdn",
            "module.storage.random_string.cdn_suffix"
          ]
        }
      ]
    },
    {
      "module": "module.storage",
      "mode": "managed",
      "type": "azurerm_cdn_frontdoor_firewall_policy",
      "name": "waf_policy",
      "provider": "provider[\"registry.terraform.io/hashicorp/azurerm\"]",
      "instances": [
        {
          "schema_version": 0,
          "attributes": {
            "captcha_cookie_expiration_in_minutes": 30,
            "custom_block_response_body": "QWNjZXNzIERlbmllZCBieSBXQUY=",
            "custom_block_response_status_code": 403,
            "custom_rule": [],
            "enabled": true,
            "frontend_endpoint_ids": [],
            "id": "/subscriptions/99b79efe-ebd6-468c-b39f-5669acb259e1/resourceGroups/04-t1-www-rg/providers/Microsoft.Network/frontDoorWebApplicationFirewallPolicies/wwwfdwafpolicyh80mzh",
            "js_challenge_cookie_expiration_in_minutes": 30,
            "log_scrubbing": [],
            "managed_rule": [
              {
                "action": "Block",
                "exclusion": [],
                "override": [],
                "type": "Microsoft_DefaultRuleSet",
                "version": "2.1"
              }
            ],
            "mode": "Prevention",
            "name": "wwwfdwafpolicyh80mzh",
            "redirect_url": "",
            "request_body_check_enabled": true,
            "resource_group_name": "04-t1-www-rg",
            "sku_name": "Premium_AzureFrontDoor",
            "tags": {},
            "timeouts": null
          },
          "sensitive_attributes": [],
          "identity_schema_version": 0,
          "private": "eyJlMmJmYjczMC1lY2FhLTExZTYtOGY4OC0zNDM2M2JjN2M0YzAiOnsiY3JlYXRlIjoxODAwMDAwMDAwMDAwLCJkZWxldGUiOjE4MDAwMDAwMDAwMDAsInJlYWQiOjMwMDAwMDAwMDAwMCwidXBkYXRlIjoxODAwMDAwMDAwMDAwfX0=",
          "dependencies": [
            "azurerm_resource_group.rg",
            "module.storage.azurerm_cdn_frontdoor_profile.www_cdn",
            "module.storage.random_string.waf_suffix"
          ]
        }
      ]
    },
    {
      "module": "module.storage",
      "mode": "managed",
      "type": "azurerm_cdn_frontdoor_origin",
      "name": "www_fd_origin",
      "provider": "provider[\"registry.terraform.io/hashicorp/azurerm\"]",
      "instances": [
        {
          "schema_version": 0,
          "attributes": {
            "cdn_frontdoor_origin_group_id": "/subscriptions/99b79efe-ebd6-468c-b39f-5669acb259e1/resourceGroups/04-t1-www-rg/providers/Microsoft.Cdn/profiles/www-cdn-profile/originGroups/www-fd-origin-group",
            "certificate_name_check_enabled": true,
            "enabled": true,
            "host_name": "wwwstoragehdxo.blob.core.windows.net",
            "http_port": 80,
            "https_port": 443,
            "id": "/subscriptions/99b79efe-ebd6-468c-b39f-5669acb259e1/resourceGroups/04-t1-www-rg/providers/Microsoft.Cdn/profiles/www-cdn-profile/originGroups/www-fd-origin-group/origins/www-fd-origin",
            "name": "www-fd-origin",
            "origin_host_header": "wwwstoragehdxo.blob.core.windows.net",
            "priority": 1,
            "private_link": [],
            "timeouts": null,
            "weight": 1000
          },
          "sensitive_attributes": [],
          "identity_schema_version": 0,
          "private": "eyJlMmJmYjczMC1lY2FhLTExZTYtOGY4OC0zNDM2M2JjN2M0YzAiOnsiY3JlYXRlIjoxODAwMDAwMDAwMDAwLCJkZWxldGUiOjE4MDAwMDAwMDAwMDAsInJlYWQiOjMwMDAwMDAwMDAwMCwidXBkYXRlIjoxODAwMDAwMDAwMDAwfX0=",
          "dependencies": [
            "azurerm_resource_group.rg",
            "module.network_central.azurerm_subnet.subnets",
            "module.network_central.azurerm_virtual_network.vnet",
            "module.storage.azurerm_cdn_frontdoor_origin_group.www_fd_origin_group",
            "module.storage.azurerm_cdn_frontdoor_profile.www_cdn",
            "module.storage.azurerm_storage_account.www_sa",
            "module.storage.random_string.sa_suffix"
          ]
        }
      ]
    },
    {
      "module": "module.storage",
      "mode": "managed",
      "type": "azurerm_cdn_frontdoor_origin_group",
      "name": "www_fd_origin_group",
      "provider": "provider[\"registry.terraform.io/hashicorp/azurerm\"]",
      "instances": [
        {
          "schema_version": 0,
          "attributes": {
            "cdn_frontdoor_profile_id": "/subscriptions/99b79efe-ebd6-468c-b39f-5669acb259e1/resourceGroups/04-t1-www-rg/providers/Microsoft.Cdn/profiles/www-cdn-profile",
            "health_probe": [
              {
                "interval_in_seconds": 100,
                "path": "/",
                "protocol": "Https",
                "request_type": "HEAD"
              }
            ],
            "id": "/subscriptions/99b79efe-ebd6-468c-b39f-5669acb259e1/resourceGroups/04-t1-www-rg/providers/Microsoft.Cdn/profiles/www-cdn-profile/originGroups/www-fd-origin-group",
            "load_balancing": [
              {
                "additional_latency_in_milliseconds": 50,
                "sample_size": 4,
                "successful_samples_required": 3
              }
            ],
            "name": "www-fd-origin-group",
            "restore_traffic_time_to_healed_or_new_endpoint_in_minutes": 10,
            "session_affinity_enabled": false,
            "timeouts": null
          },
          "sensitive_attributes": [],
          "identity_schema_version": 0,
          "private": "eyJlMmJmYjczMC1lY2FhLTExZTYtOGY4OC0zNDM2M2JjN2M0YzAiOnsiY3JlYXRlIjoxODAwMDAwMDAwMDAwLCJkZWxldGUiOjE4MDAwMDAwMDAwMDAsInJlYWQiOjMwMDAwMDAwMDAwMCwidXBkYXRlIjoxODAwMDAwMDAwMDAwfX0=",
          "dependencies": [
            "azurerm_resource_group.rg",
            "module.storage.azurerm_cdn_frontdoor_profile.www_cdn"
          ]
        }
      ]
    },
    {
      "module": "module.storage",
      "mode": "managed",
      "type": "azurerm_cdn_frontdoor_profile",
      "name": "www_cdn",
      "provider": "provider[\"registry.terraform.io/hashicorp/azurerm\"]",
      "instances": [
        {
          "schema_version": 0,
          "attributes": {
            "id": "/subscriptions/99b79efe-ebd6-468c-b39f-5669acb259e1/resourceGroups/04-t1-www-rg/providers/Microsoft.Cdn/profiles/www-cdn-profile",
            "identity": [],
            "log_scrubbing_rule": [],
            "name": "www-cdn-profile",
            "resource_group_name": "04-t1-www-rg",
            "resource_guid": "748a4f52-a74c-4cc7-832e-7f0efb108983",
            "response_timeout_seconds": 120,
            "sku_name": "Premium_AzureFrontDoor",
            "tags": {},
            "timeouts": {
              "create": "60m",
              "delete": "60m",
              "read": null,
              "update": "60m"
            }
          },
          "sensitive_attributes": [],
          "identity_schema_version": 0,
          "private": "eyJlMmJmYjczMC1lY2FhLTExZTYtOGY4OC0zNDM2M2JjN2M0YzAiOnsiY3JlYXRlIjozNjAwMDAwMDAwMDAwLCJkZWxldGUiOjM2MDAwMDAwMDAwMDAsInJlYWQiOjMwMDAwMDAwMDAwMCwidXBkYXRlIjozNjAwMDAwMDAwMDAwfX0=",
          "dependencies": [
            "azurerm_resource_group.rg"
          ]
        }
      ]
    },
    {
      "module": "module.storage",
      "mode": "managed",
      "type": "azurerm_cdn_frontdoor_route",
      "name": "www_fd_route",
      "provider": "provider[\"registry.terraform.io/hashicorp/azurerm\"]",
      "instances": [
        {
          "schema_version": 0,
          "attributes": {
            "cache": [],
            "cdn_frontdoor_custom_domain_ids": [],
            "cdn_frontdoor_endpoint_id": "/subscriptions/99b79efe-ebd6-468c-b39f-5669acb259e1/resourceGroups/04-t1-www-rg/providers/Microsoft.Cdn/profiles/www-cdn-profile/afdEndpoints/www-fd-endpoint-4xu1w6",
            "cdn_frontdoor_origin_group_id": "/subscriptions/99b79efe-ebd6-468c-b39f-5669acb259e1/resourceGroups/04-t1-www-rg/providers/Microsoft.Cdn/profiles/www-cdn-profile/originGroups/www-fd-origin-group",
            "cdn_frontdoor_origin_ids": [
              "/subscriptions/99b79efe-ebd6-468c-b39f-5669acb259e1/resourceGroups/04-t1-www-rg/providers/Microsoft.Cdn/profiles/www-cdn-profile/originGroups/www-fd-origin-group/origins/www-fd-origin"
            ],
            "cdn_frontdoor_origin_path": "",
            "cdn_frontdoor_rule_set_ids": [],
            "enabled": true,
            "forwarding_protocol": "MatchRequest",
            "https_redirect_enabled": true,
            "id": "/subscriptions/99b79efe-ebd6-468c-b39f-5669acb259e1/resourceGroups/04-t1-www-rg/providers/Microsoft.Cdn/profiles/www-cdn-profile/afdEndpoints/www-fd-endpoint-4xu1w6/routes/www-fd-route",
            "link_to_default_domain": true,
            "name": "www-fd-route",
            "patterns_to_match": [
              "/*"
            ],
            "supported_protocols": [
              "Http",
              "Https"
            ],
            "timeouts": null
          },
          "sensitive_attributes": [],
          "identity_schema_version": 0,
          "private": "eyJlMmJmYjczMC1lY2FhLTExZTYtOGY4OC0zNDM2M2JjN2M0YzAiOnsiY3JlYXRlIjoxODAwMDAwMDAwMDAwLCJkZWxldGUiOjE4MDAwMDAwMDAwMDAsInJlYWQiOjMwMDAwMDAwMDAwMCwidXBkYXRlIjoxODAwMDAwMDAwMDAwfX0=",
          "dependencies": [
            "azurerm_resource_group.rg",
            "module.network_central.azurerm_subnet.subnets",
            "module.network_central.azurerm_virtual_network.vnet",
            "module.storage.azurerm_cdn_frontdoor_endpoint.www_fd_endpoint",
            "module.storage.azurerm_cdn_frontdoor_origin.www_fd_origin",
            "module.storage.azurerm_cdn_frontdoor_origin_group.www_fd_origin_group",
            "module.storage.azurerm_cdn_frontdoor_profile.www_cdn",
            "module.storage.azurerm_storage_account.www_sa",
            "module.storage.random_string.cdn_suffix",
            "module.storage.random_string.sa_suffix"
          ]
        }
      ]
    },
    {
      "module": "module.storage",
      "mode": "managed",
      "type": "azurerm_cdn_frontdoor_security_policy",
      "name": "waf_association",
      "provider": "provider[\"registry.terraform.io/hashicorp/azurerm\"]",
      "instances": [
        {
          "schema_version": 0,
          "attributes": {
            "cdn_frontdoor_profile_id": "/subscriptions/99b79efe-ebd6-468c-b39f-5669acb259e1/resourceGroups/04-t1-www-rg/providers/Microsoft.Cdn/profiles/www-cdn-profile",
            "id": "/subscriptions/99b79efe-ebd6-468c-b39f-5669acb259e1/resourceGroups/04-t1-www-rg/providers/Microsoft.Cdn/profiles/www-cdn-profile/securityPolicies/www-waf-association",
            "name": "www-waf-association",
            "security_policies": [
              {
                "firewall": [
                  {
                    "association": [
                      {
                        "domain": [
                          {
                            "active": true,
                            "cdn_frontdoor_domain_id": "/subscriptions/99b79efe-ebd6-468c-b39f-5669acb259e1/resourceGroups/04-t1-www-rg/providers/Microsoft.Cdn/profiles/www-cdn-profile/afdEndpoints/www-fd-endpoint-4xu1w6"
                          }
                        ],
                        "patterns_to_match": [
                          "/*"
                        ]
                      }
                    ],
                    "cdn_frontdoor_firewall_policy_id": "/subscriptions/99b79efe-ebd6-468c-b39f-5669acb259e1/resourceGroups/04-t1-www-rg/providers/Microsoft.Network/frontDoorWebApplicationFirewallPolicies/wwwfdwafpolicyh80mzh"
                  }
                ]
              }
            ],
            "timeouts": null
          },
          "sensitive_attributes": [],
          "identity_schema_version": 0,
          "private": "eyJlMmJmYjczMC1lY2FhLTExZTYtOGY4OC0zNDM2M2JjN2M0YzAiOnsiY3JlYXRlIjoxODAwMDAwMDAwMDAwLCJkZWxldGUiOjE4MDAwMDAwMDAwMDAsInJlYWQiOjMwMDAwMDAwMDAwMCwidXBkYXRlIjoxODAwMDAwMDAwMDAwfX0=",
          "dependencies": [
            "azurerm_resource_group.rg",
            "module.storage.azurerm_cdn_frontdoor_endpoint.www_fd_endpoint",
            "module.storage.azurerm_cdn_frontdoor_firewall_policy.waf_policy",
            "module.storage.azurerm_cdn_frontdoor_profile.www_cdn",
            "module.storage.random_string.cdn_suffix",
            "module.storage.random_string.waf_suffix"
          ]
        }
      ]
    },
    {
      "module": "module.storage",
      "mode": "managed",
      "type": "azurerm_private_dns_zone",
      "name": "storage_dns_zone",
      "provider": "provider[\"registry.terraform.io/hashicorp/azurerm\"]",
      "instances": [
        {
          "schema_version": 0,
          "attributes": {
            "id": "/subscriptions/99b79efe-ebd6-468c-b39f-5669acb259e1/resourceGroups/04-t1-www-rg/providers/Microsoft.Network/privateDnsZones/privatelink.blob.core.windows.net",
            "max_number_of_record_sets": 25000,
            "max_number_of_virtual_network_links": 1000,
            "max_number_of_virtual_network_links_with_registration": 100,
            "name": "privatelink.blob.core.windows.net",
            "number_of_record_sets": 2,
            "resource_group_name": "04-t1-www-rg",
            "soa_record": [
              {
                "email": "azureprivatedns-host.microsoft.com",
                "expire_time": 2419200,
                "fqdn": "privatelink.blob.core.windows.net.",
                "host_name": "azureprivatedns.net",
                "minimum_ttl": 10,
                "refresh_time": 3600,
                "retry_time": 300,
                "serial_number": 1,
                "tags": {},
                "ttl": 3600
              }
            ],
            "tags": {},
            "timeouts": null
          },
          "sensitive_attributes": [],
          "identity_schema_version": 0,
          "identity": {
            "name": "privatelink.blob.core.windows.net",
            "resource_group_name": "04-t1-www-rg",
            "subscription_id": "99b79efe-ebd6-468c-b39f-5669acb259e1"
          },
          "private": "eyJlMmJmYjczMC1lY2FhLTExZTYtOGY4OC0zNDM2M2JjN2M0YzAiOnsiY3JlYXRlIjoxODAwMDAwMDAwMDAwLCJkZWxldGUiOjE4MDAwMDAwMDAwMDAsInJlYWQiOjMwMDAwMDAwMDAwMCwidXBkYXRlIjoxODAwMDAwMDAwMDAwfX0=",
          "dependencies": [
            "azurerm_resource_group.rg"
          ]
        }
      ]
    },
    {
      "module": "module.storage",
      "mode": "managed",
      "type": "azurerm_private_dns_zone_virtual_network_link",
      "name": "storage_dns_link",
      "provider": "provider[\"registry.terraform.io/hashicorp/azurerm\"]",
      "instances": [
        {
          "schema_version": 0,
          "attributes": {
            "id": "/subscriptions/99b79efe-ebd6-468c-b39f-5669acb259e1/resourceGroups/04-t1-www-rg/providers/Microsoft.Network/privateDnsZones/privatelink.blob.core.windows.net/virtualNetworkLinks/www-storage-dns-link",
            "name": "www-storage-dns-link",
            "private_dns_zone_name": "privatelink.blob.core.windows.net",
            "registration_enabled": false,
            "resolution_policy": "Default",
            "resource_group_name": "04-t1-www-rg",
            "tags": {},
            "timeouts": null,
            "virtual_network_id": "/subscriptions/99b79efe-ebd6-468c-b39f-5669acb259e1/resourceGroups/04-t1-www-rg/providers/Microsoft.Network/virtualNetworks/vnet0"
          },
          "sensitive_attributes": [],
          "identity_schema_version": 0,
          "identity": {
            "name": "www-storage-dns-link",
            "private_dns_zone_name": "privatelink.blob.core.windows.net",
            "resource_group_name": "04-t1-www-rg",
            "subscription_id": "99b79efe-ebd6-468c-b39f-5669acb259e1"
          },
          "private": "eyJlMmJmYjczMC1lY2FhLTExZTYtOGY4OC0zNDM2M2JjN2M0YzAiOnsiY3JlYXRlIjoxODAwMDAwMDAwMDAwLCJkZWxldGUiOjE4MDAwMDAwMDAwMDAsInJlYWQiOjMwMDAwMDAwMDAwMCwidXBkYXRlIjoxODAwMDAwMDAwMDAwfX0=",
          "dependencies": [
            "azurerm_resource_group.rg",
            "module.network_central.azurerm_virtual_network.vnet",
            "module.storage.azurerm_private_dns_zone.storage_dns_zone"
          ]
        }
      ]
    },
    {
      "module": "module.storage",
      "mode": "managed",
      "type": "azurerm_private_endpoint",
      "name": "storage_pe",
      "provider": "provider[\"registry.terraform.io/hashicorp/azurerm\"]",
      "instances": [
        {
          "schema_version": 0,
          "attributes": {
            "custom_dns_configs": [],
            "custom_network_interface_name": "www-storage-pe-nic",
            "id": "/subscriptions/99b79efe-ebd6-468c-b39f-5669acb259e1/resourceGroups/04-t1-www-rg/providers/Microsoft.Network/privateEndpoints/www-storage-endpoint",
            "ip_configuration": [],
            "location": "koreacentral",
            "name": "www-storage-endpoint",
            "network_interface": [
              {
                "id": "/subscriptions/99b79efe-ebd6-468c-b39f-5669acb259e1/resourceGroups/04-t1-www-rg/providers/Microsoft.Network/networkInterfaces/www-storage-pe-nic",
                "name": "www-storage-pe-nic"
              }
            ],
            "private_dns_zone_configs": [
              {
                "id": "/subscriptions/99b79efe-ebd6-468c-b39f-5669acb259e1/resourceGroups/04-t1-www-rg/providers/Microsoft.Network/privateEndpoints/www-storage-endpoint/privateDnsZoneGroups/default/privateDnsZoneConfigs/privatelink.blob.core.windows.net",
                "name": "privatelink.blob.core.windows.net",
                "private_dns_zone_id": "/subscriptions/99b79efe-ebd6-468c-b39f-5669acb259e1/resourceGroups/04-t1-www-rg/providers/Microsoft.Network/privateDnsZones/privatelink.blob.core.windows.net",
                "record_sets": [
                  {
                    "fqdn": "wwwstoragehdxo.privatelink.blob.core.windows.net",
                    "ip_addresses": [
                      "172.16.2.4"
                    ],
                    "name": "wwwstoragehdxo",
                    "ttl": 10,
                    "type": "A"
                  }
                ]
              }
            ],
            "private_dns_zone_group": [
              {
                "id": "/subscriptions/99b79efe-ebd6-468c-b39f-5669acb259e1/resourceGroups/04-t1-www-rg/providers/Microsoft.Network/privateEndpoints/www-storage-endpoint/privateDnsZoneGroups/default",
                "name": "default",
                "private_dns_zone_ids": [
                  "/subscriptions/99b79efe-ebd6-468c-b39f-5669acb259e1/resourceGroups/04-t1-www-rg/providers/Microsoft.Network/privateDnsZones/privatelink.blob.core.windows.net"
                ]
              }
            ],
            "private_service_connection": [
              {
                "is_manual_connection": false,
                "name": "www-storage-privatelink",
                "private_connection_resource_alias": "",
                "private_connection_resource_id": "/subscriptions/99b79efe-ebd6-468c-b39f-5669acb259e1/resourceGroups/04-t1-www-rg/providers/Microsoft.Storage/storageAccounts/wwwstoragehdxo",
                "private_ip_address": "172.16.2.4",
                "request_message": "",
                "subresource_names": [
                  "blob"
                ]
              }
            ],
            "resource_group_name": "04-t1-www-rg",
            "subnet_id": "/subscriptions/99b79efe-ebd6-468c-b39f-5669acb259e1/resourceGroups/04-t1-www-rg/providers/Microsoft.Network/virtualNetworks/vnet0/subnets/www-stor",
            "tags": {},
            "timeouts": null
          },
          "sensitive_attributes": [],
          "identity_schema_version": 0,
          "identity": {
            "name": "www-storage-endpoint",
            "resource_group_name": "04-t1-www-rg",
            "subscription_id": "99b79efe-ebd6-468c-b39f-5669acb259e1"
          },
          "private": "eyJlMmJmYjczMC1lY2FhLTExZTYtOGY4OC0zNDM2M2JjN2M0YzAiOnsiY3JlYXRlIjozNjAwMDAwMDAwMDAwLCJkZWxldGUiOjM2MDAwMDAwMDAwMDAsInJlYWQiOjMwMDAwMDAwMDAwMCwidXBkYXRlIjozNjAwMDAwMDAwMDAwfX0=",
          "dependencies": [
            "azurerm_resource_group.rg",
            "module.network_central.azurerm_subnet.subnets",
            "module.network_central.azurerm_virtual_network.vnet",
            "module.storage.azurerm_private_dns_zone.storage_dns_zone",
            "module.storage.azurerm_storage_account.www_sa",
            "module.storage.random_string.sa_suffix"
          ]
        }
      ]
    },
    {
      "module": "module.storage",
      "mode": "managed",
      "type": "azurerm_storage_account",
      "name": "premium_sa",
      "provider": "provider[\"registry.terraform.io/hashicorp/azurerm\"]",
      "instances": [
        {
          "schema_version": 4,
          "attributes": {
            "access_tier": "",
            "account_kind": "BlockBlobStorage",
            "account_replication_type": "LRS",
            "account_tier": "Premium",
            "allow_nested_items_to_be_public": false,
            "allowed_copy_scope": "",
            "azure_files_authentication": [],
            "blob_properties": [
              {
                "change_feed_enabled": false,
                "change_feed_retention_in_days": 0,
                "container_delete_retention_policy": [],
                "cors_rule": [],
                "default_service_version": "",
                "delete_retention_policy": [],
                "last_access_time_enabled": false,
                "restore_policy": [],
                "versioning_enabled": false
              }
            ],
            "cross_tenant_replication_enabled": false,
            "custom_domain": [],
            "customer_managed_key": [],
            "default_to_oauth_authentication": false,
            "dns_endpoint_type": "Standard",
            "edge_zone": "",
            "https_traffic_only_enabled": true,
            "id": "/subscriptions/99b79efe-ebd6-468c-b39f-5669acb259e1/resourceGroups/04-t1-www-rg/providers/Microsoft.Storage/storageAccounts/wwwpremiumsak8l9eq",
            "identity": [],
            "immutability_policy": [],
            "infrastructure_encryption_enabled": true,
            "is_hns_enabled": false,
            "large_file_share_enabled": false,
            "local_user_enabled": true,
            "location": "koreacentral",
            "min_tls_version": "TLS1_2",
            "name": "wwwpremiumsak8l9eq",
            "network_rules": [
              {
                "bypass": [
                  "AzureServices",
                  "Logging",
                  "Metrics"
                ],
                "default_action": "Deny",
                "ip_rules": [
                  "61.108.60.26"
                ],
                "private_link_access": [],
                "virtual_network_subnet_ids": [
                  "/subscriptions/99b79efe-ebd6-468c-b39f-5669acb259e1/resourceGroups/04-t1-www-rg/providers/Microsoft.Network/virtualNetworks/vnet0/subnets/www-stor"
                ]
              }
            ],
            "nfsv3_enabled": false,
            "primary_access_key": "sJ7HsO04okgRyDqDe+P2a8l0Ik1QhqKLhtEFYzN0xrLxhaSits/6ZjhiH4AFu83N16nuGFKIG4rZ+AStoS+klA==",
            "primary_blob_connection_string": "DefaultEndpointsProtocol=https;BlobEndpoint=https://wwwpremiumsak8l9eq.blob.core.windows.net/;AccountName=wwwpremiumsak8l9eq;AccountKey=sJ7HsO04okgRyDqDe+P2a8l0Ik1QhqKLhtEFYzN0xrLxhaSits/6ZjhiH4AFu83N16nuGFKIG4rZ+AStoS+klA==",
            "primary_blob_endpoint": "https://wwwpremiumsak8l9eq.blob.core.windows.net/",
            "primary_blob_host": "wwwpremiumsak8l9eq.blob.core.windows.net",
            "primary_blob_internet_endpoint": "",
            "primary_blob_internet_host": "",
            "primary_blob_microsoft_endpoint": "",
            "primary_blob_microsoft_host": "",
            "primary_connection_string": "DefaultEndpointsProtocol=https;AccountName=wwwpremiumsak8l9eq;AccountKey=sJ7HsO04okgRyDqDe+P2a8l0Ik1QhqKLhtEFYzN0xrLxhaSits/6ZjhiH4AFu83N16nuGFKIG4rZ+AStoS+klA==;EndpointSuffix=core.windows.net",
            "primary_dfs_endpoint": "https://wwwpremiumsak8l9eq.dfs.core.windows.net/",
            "primary_dfs_host": "wwwpremiumsak8l9eq.dfs.core.windows.net",
            "primary_dfs_internet_endpoint": "",
            "primary_dfs_internet_host": "",
            "primary_dfs_microsoft_endpoint": "",
            "primary_dfs_microsoft_host": "",
            "primary_file_endpoint": "",
            "primary_file_host": "",
            "primary_file_internet_endpoint": "",
            "primary_file_internet_host": "",
            "primary_file_microsoft_endpoint": "",
            "primary_file_microsoft_host": "",
            "primary_location": "koreacentral",
            "primary_queue_endpoint": "",
            "primary_queue_host": "",
            "primary_queue_microsoft_endpoint": "",
            "primary_queue_microsoft_host": "",
            "primary_table_endpoint": "",
            "primary_table_host": "",
            "primary_table_microsoft_endpoint": "",
            "primary_table_microsoft_host": "",
            "primary_web_endpoint": "https://wwwpremiumsak8l9eq.z12.web.core.windows.net/",
            "primary_web_host": "wwwpremiumsak8l9eq.z12.web.core.windows.net",
            "primary_web_internet_endpoint": "",
            "primary_web_internet_host": "",
            "primary_web_microsoft_endpoint": "",
            "primary_web_microsoft_host": "",
            "provisioned_billing_model_version": "",
            "public_network_access_enabled": true,
            "queue_encryption_key_type": "Service",
            "queue_properties": [],
            "resource_group_name": "04-t1-www-rg",
            "routing": [],
            "sas_policy": [],
            "secondary_access_key": "WceVP0ieYwYRwaxLtOEjGKrQQsgz85dS2GTZvjQ+qnndaJsP5dlxVhbC5R6GwCAvlICwIxNBrC7x+AStDT309w==",
            "secondary_blob_connection_string": "",
            "secondary_blob_endpoint": "",
            "secondary_blob_host": "",
            "secondary_blob_internet_endpoint": "",
            "secondary_blob_internet_host": "",
            "secondary_blob_microsoft_endpoint": "",
            "secondary_blob_microsoft_host": "",
            "secondary_connection_string": "DefaultEndpointsProtocol=https;AccountName=wwwpremiumsak8l9eq;AccountKey=WceVP0ieYwYRwaxLtOEjGKrQQsgz85dS2GTZvjQ+qnndaJsP5dlxVhbC5R6GwCAvlICwIxNBrC7x+AStDT309w==;EndpointSuffix=core.windows.net",
            "secondary_dfs_endpoint": "",
            "secondary_dfs_host": "",
            "secondary_dfs_internet_endpoint": "",
            "secondary_dfs_internet_host": "",
            "secondary_dfs_microsoft_endpoint": "",
            "secondary_dfs_microsoft_host": "",
            "secondary_file_endpoint": "",
            "secondary_file_host": "",
            "secondary_file_internet_endpoint": "",
            "secondary_file_internet_host": "",
            "secondary_file_microsoft_endpoint": "",
            "secondary_file_microsoft_host": "",
            "secondary_location": "",
            "secondary_queue_endpoint": "",
            "secondary_queue_host": "",
            "secondary_queue_microsoft_endpoint": "",
            "secondary_queue_microsoft_host": "",
            "secondary_table_endpoint": "",
            "secondary_table_host": "",
            "secondary_table_microsoft_endpoint": "",
            "secondary_table_microsoft_host": "",
            "secondary_web_endpoint": "",
            "secondary_web_host": "",
            "secondary_web_internet_endpoint": "",
            "secondary_web_internet_host": "",
            "secondary_web_microsoft_endpoint": "",
            "secondary_web_microsoft_host": "",
            "sftp_enabled": false,
            "share_properties": [],
            "shared_access_key_enabled": true,
            "static_website": [],
            "table_encryption_key_type": "Service",
            "tags": {
              "environment": "production",
              "performance": "premium",
              "team": "www"
            },
            "timeouts": null
          },
          "sensitive_attributes": [
            [
              {
                "type": "get_attr",
                "value": "primary_access_key"
              }
            ],
            [
              {
                "type": "get_attr",
                "value": "primary_blob_connection_string"
              }
            ],
            [
              {
                "type": "get_attr",
                "value": "primary_connection_string"
              }
            ],
            [
              {
                "type": "get_attr",
                "value": "secondary_access_key"
              }
            ],
            [
              {
                "type": "get_attr",
                "value": "secondary_blob_connection_string"
              }
            ],
            [
              {
                "type": "get_attr",
                "value": "secondary_connection_string"
              }
            ]
          ],
          "identity_schema_version": 0,
          "identity": {
            "name": "wwwpremiumsak8l9eq",
            "resource_group_name": "04-t1-www-rg",
            "subscription_id": "99b79efe-ebd6-468c-b39f-5669acb259e1"
          },
          "private": "eyJlMmJmYjczMC1lY2FhLTExZTYtOGY4OC0zNDM2M2JjN2M0YzAiOnsiY3JlYXRlIjozNjAwMDAwMDAwMDAwLCJkZWxldGUiOjM2MDAwMDAwMDAwMDAsInJlYWQiOjMwMDAwMDAwMDAwMCwidXBkYXRlIjozNjAwMDAwMDAwMDAwfSwic2NoZW1hX3ZlcnNpb24iOiI0In0=",
          "dependencies": [
            "azurerm_resource_group.rg",
            "module.network_central.azurerm_subnet.subnets",
            "module.network_central.azurerm_virtual_network.vnet",
            "module.storage.random_string.premium_sa_suffix"
          ]
        }
      ]
    },
    {
      "module": "module.storage",
      "mode": "managed",
      "type": "azurerm_storage_account",
      "name": "www_sa",
      "provider": "provider[\"registry.terraform.io/hashicorp/azurerm\"]",
      "instances": [
        {
          "schema_version": 4,
          "attributes": {
            "access_tier": "Hot",
            "account_kind": "StorageV2",
            "account_replication_type": "LRS",
            "account_tier": "Standard",
            "allow_nested_items_to_be_public": false,
            "allowed_copy_scope": "",
            "azure_files_authentication": [],
            "blob_properties": [
              {
                "change_feed_enabled": true,
                "change_feed_retention_in_days": 7,
                "container_delete_retention_policy": [
                  {
                    "days": 30
                  }
                ],
                "cors_rule": [
                  {
                    "allowed_headers": [
                      "*"
                    ],
                    "allowed_methods": [
                      "GET",
                      "HEAD",
                      "POST"
                    ],
                    "allowed_origins": [
                      "*"
                    ],
                    "exposed_headers": [
                      "*"
                    ],
                    "max_age_in_seconds": 3600
                  }
                ],
                "default_service_version": "",
                "delete_retention_policy": [
                  {
                    "days": 30,
                    "permanent_delete_enabled": false
                  }
                ],
                "last_access_time_enabled": true,
                "restore_policy": [
                  {
                    "days": 29
                  }
                ],
                "versioning_enabled": true
              }
            ],
            "cross_tenant_replication_enabled": false,
            "custom_domain": [],
            "customer_managed_key": [],
            "default_to_oauth_authentication": false,
            "dns_endpoint_type": "Standard",
            "edge_zone": "",
            "https_traffic_only_enabled": true,
            "id": "/subscriptions/99b79efe-ebd6-468c-b39f-5669acb259e1/resourceGroups/04-t1-www-rg/providers/Microsoft.Storage/storageAccounts/wwwstoragehdxo",
            "identity": [],
            "immutability_policy": [],
            "infrastructure_encryption_enabled": true,
            "is_hns_enabled": false,
            "large_file_share_enabled": false,
            "local_user_enabled": true,
            "location": "koreacentral",
            "min_tls_version": "TLS1_2",
            "name": "wwwstoragehdxo",
            "network_rules": [
              {
                "bypass": [
                  "AzureServices",
                  "Logging",
                  "Metrics"
                ],
                "default_action": "Deny",
                "ip_rules": [
                  "61.108.60.26"
                ],
                "private_link_access": [],
                "virtual_network_subnet_ids": [
                  "/subscriptions/99b79efe-ebd6-468c-b39f-5669acb259e1/resourceGroups/04-t1-www-rg/providers/Microsoft.Network/virtualNetworks/vnet0/subnets/www-stor"
                ]
              }
            ],
            "nfsv3_enabled": false,
            "primary_access_key": "kXUWRxjV4MDuUcAK/M+9Zh74Z37gvLoV7Mm2IBtLczfVl7T5KHzz3XD0P95bqz6YKL+Qwt1lZIRj+AStKI7TNw==",
            "primary_blob_connection_string": "DefaultEndpointsProtocol=https;BlobEndpoint=https://wwwstoragehdxo.blob.core.windows.net/;AccountName=wwwstoragehdxo;AccountKey=kXUWRxjV4MDuUcAK/M+9Zh74Z37gvLoV7Mm2IBtLczfVl7T5KHzz3XD0P95bqz6YKL+Qwt1lZIRj+AStKI7TNw==",
            "primary_blob_endpoint": "https://wwwstoragehdxo.blob.core.windows.net/",
            "primary_blob_host": "wwwstoragehdxo.blob.core.windows.net",
            "primary_blob_internet_endpoint": "",
            "primary_blob_internet_host": "",
            "primary_blob_microsoft_endpoint": "",
            "primary_blob_microsoft_host": "",
            "primary_connection_string": "DefaultEndpointsProtocol=https;AccountName=wwwstoragehdxo;AccountKey=kXUWRxjV4MDuUcAK/M+9Zh74Z37gvLoV7Mm2IBtLczfVl7T5KHzz3XD0P95bqz6YKL+Qwt1lZIRj+AStKI7TNw==;EndpointSuffix=core.windows.net",
            "primary_dfs_endpoint": "https://wwwstoragehdxo.dfs.core.windows.net/",
            "primary_dfs_host": "wwwstoragehdxo.dfs.core.windows.net",
            "primary_dfs_internet_endpoint": "",
            "primary_dfs_internet_host": "",
            "primary_dfs_microsoft_endpoint": "",
            "primary_dfs_microsoft_host": "",
            "primary_file_endpoint": "https://wwwstoragehdxo.file.core.windows.net/",
            "primary_file_host": "wwwstoragehdxo.file.core.windows.net",
            "primary_file_internet_endpoint": "",
            "primary_file_internet_host": "",
            "primary_file_microsoft_endpoint": "",
            "primary_file_microsoft_host": "",
            "primary_location": "koreacentral",
            "primary_queue_endpoint": "https://wwwstoragehdxo.queue.core.windows.net/",
            "primary_queue_host": "wwwstoragehdxo.queue.core.windows.net",
            "primary_queue_microsoft_endpoint": "",
            "primary_queue_microsoft_host": "",
            "primary_table_endpoint": "https://wwwstoragehdxo.table.core.windows.net/",
            "primary_table_host": "wwwstoragehdxo.table.core.windows.net",
            "primary_table_microsoft_endpoint": "",
            "primary_table_microsoft_host": "",
            "primary_web_endpoint": "https://wwwstoragehdxo.z12.web.core.windows.net/",
            "primary_web_host": "wwwstoragehdxo.z12.web.core.windows.net",
            "primary_web_internet_endpoint": "",
            "primary_web_internet_host": "",
            "primary_web_microsoft_endpoint": "",
            "primary_web_microsoft_host": "",
            "provisioned_billing_model_version": "",
            "public_network_access_enabled": true,
            "queue_encryption_key_type": "Service",
            "queue_properties": [
              {
                "cors_rule": [],
                "hour_metrics": [
                  {
                    "enabled": false,
                    "include_apis": false,
                    "retention_policy_days": 0,
                    "version": "1.0"
                  }
                ],
                "logging": [
                  {
                    "delete": false,
                    "read": false,
                    "retention_policy_days": 0,
                    "version": "1.0",
                    "write": false
                  }
                ],
                "minute_metrics": [
                  {
                    "enabled": false,
                    "include_apis": false,
                    "retention_policy_days": 0,
                    "version": "1.0"
                  }
                ]
              }
            ],
            "resource_group_name": "04-t1-www-rg",
            "routing": [],
            "sas_policy": [],
            "secondary_access_key": "7NPyavFqIbQQ98KcR0pf1SKFQ2uLD/l7IUY+haSZDDKJjg0qgwdMkgmv0nyuZZTwJoTVwGoIVuB0+ASt3OWs+g==",
            "secondary_blob_connection_string": "",
            "secondary_blob_endpoint": "",
            "secondary_blob_host": "",
            "secondary_blob_internet_endpoint": "",
            "secondary_blob_internet_host": "",
            "secondary_blob_microsoft_endpoint": "",
            "secondary_blob_microsoft_host": "",
            "secondary_connection_string": "DefaultEndpointsProtocol=https;AccountName=wwwstoragehdxo;AccountKey=7NPyavFqIbQQ98KcR0pf1SKFQ2uLD/l7IUY+haSZDDKJjg0qgwdMkgmv0nyuZZTwJoTVwGoIVuB0+ASt3OWs+g==;EndpointSuffix=core.windows.net",
            "secondary_dfs_endpoint": "",
            "secondary_dfs_host": "",
            "secondary_dfs_internet_endpoint": "",
            "secondary_dfs_internet_host": "",
            "secondary_dfs_microsoft_endpoint": "",
            "secondary_dfs_microsoft_host": "",
            "secondary_file_endpoint": "",
            "secondary_file_host": "",
            "secondary_file_internet_endpoint": "",
            "secondary_file_internet_host": "",
            "secondary_file_microsoft_endpoint": "",
            "secondary_file_microsoft_host": "",
            "secondary_location": "",
            "secondary_queue_endpoint": "",
            "secondary_queue_host": "",
            "secondary_queue_microsoft_endpoint": "",
            "secondary_queue_microsoft_host": "",
            "secondary_table_endpoint": "",
            "secondary_table_host": "",
            "secondary_table_microsoft_endpoint": "",
            "secondary_table_microsoft_host": "",
            "secondary_web_endpoint": "",
            "secondary_web_host": "",
            "secondary_web_internet_endpoint": "",
            "secondary_web_internet_host": "",
            "secondary_web_microsoft_endpoint": "",
            "secondary_web_microsoft_host": "",
            "sftp_enabled": false,
            "share_properties": [
              {
                "cors_rule": [],
                "retention_policy": [
                  {
                    "days": 7
                  }
                ],
                "smb": []
              }
            ],
            "shared_access_key_enabled": true,
            "static_website": [],
            "table_encryption_key_type": "Service",
            "tags": {
              "environment": "production",
              "team": "www"
            },
            "timeouts": null
          },
          "sensitive_attributes": [
            [
              {
                "type": "get_attr",
                "value": "primary_access_key"
              }
            ],
            [
              {
                "type": "get_attr",
                "value": "primary_blob_connection_string"
              }
            ],
            [
              {
                "type": "get_attr",
                "value": "primary_connection_string"
              }
            ],
            [
              {
                "type": "get_attr",
                "value": "secondary_access_key"
              }
            ],
            [
              {
                "type": "get_attr",
                "value": "secondary_blob_connection_string"
              }
            ],
            [
              {
                "type": "get_attr",
                "value": "secondary_connection_string"
              }
            ]
          ],
          "identity_schema_version": 0,
          "identity": {
            "name": "wwwstoragehdxo",
            "resource_group_name": "04-t1-www-rg",
            "subscription_id": "99b79efe-ebd6-468c-b39f-5669acb259e1"
          },
          "private": "eyJlMmJmYjczMC1lY2FhLTExZTYtOGY4OC0zNDM2M2JjN2M0YzAiOnsiY3JlYXRlIjozNjAwMDAwMDAwMDAwLCJkZWxldGUiOjM2MDAwMDAwMDAwMDAsInJlYWQiOjMwMDAwMDAwMDAwMCwidXBkYXRlIjozNjAwMDAwMDAwMDAwfSwic2NoZW1hX3ZlcnNpb24iOiI0In0=",
          "dependencies": [
            "azurerm_resource_group.rg",
            "module.network_central.azurerm_subnet.subnets",
            "module.network_central.azurerm_virtual_network.vnet",
            "module.storage.random_string.sa_suffix"
          ]
        }
      ]
    },
    {
      "module": "module.storage",
      "mode": "managed",
      "type": "azurerm_storage_container",
      "name": "mysql_backups",
      "provider": "provider[\"registry.terraform.io/hashicorp/azurerm\"]",
      "instances": [
        {
          "schema_version": 1,
          "attributes": {
            "container_access_type": "private",
            "default_encryption_scope": "$account-encryption-key",
            "encryption_scope_override_enabled": true,
            "has_immutability_policy": false,
            "has_legal_hold": false,
            "id": "/subscriptions/99b79efe-ebd6-468c-b39f-5669acb259e1/resourceGroups/04-t1-www-rg/providers/Microsoft.Storage/storageAccounts/wwwstoragehdxo/blobServices/default/containers/mysql-backups",
            "metadata": {
              "criticality": "critical",
              "purpose": "MySQL database backups",
              "retention": "compliance"
            },
            "name": "mysql-backups",
            "resource_manager_id": "/subscriptions/99b79efe-ebd6-468c-b39f-5669acb259e1/resourceGroups/04-t1-www-rg/providers/Microsoft.Storage/storageAccounts/wwwstoragehdxo/blobServices/default/containers/mysql-backups",
            "storage_account_id": "/subscriptions/99b79efe-ebd6-468c-b39f-5669acb259e1/resourceGroups/04-t1-www-rg/providers/Microsoft.Storage/storageAccounts/wwwstoragehdxo",
            "storage_account_name": "",
            "timeouts": null
          },
          "sensitive_attributes": [],
          "identity_schema_version": 0,
          "private": "eyJlMmJmYjczMC1lY2FhLTExZTYtOGY4OC0zNDM2M2JjN2M0YzAiOnsiY3JlYXRlIjoxODAwMDAwMDAwMDAwLCJkZWxldGUiOjE4MDAwMDAwMDAwMDAsInJlYWQiOjMwMDAwMDAwMDAwMCwidXBkYXRlIjoxODAwMDAwMDAwMDAwfSwic2NoZW1hX3ZlcnNpb24iOiIxIn0=",
          "dependencies": [
            "azurerm_resource_group.rg",
            "module.network_central.azurerm_subnet.subnets",
            "module.network_central.azurerm_virtual_network.vnet",
            "module.storage.azurerm_storage_account.www_sa",
            "module.storage.random_string.sa_suffix"
          ]
        }
      ]
    },
    {
      "module": "module.storage",
      "mode": "managed",
      "type": "azurerm_storage_container",
      "name": "wordpress_content",
      "provider": "provider[\"registry.terraform.io/hashicorp/azurerm\"]",
      "instances": [
        {
          "schema_version": 1,
          "attributes": {
            "container_access_type": "private",
            "default_encryption_scope": "$account-encryption-key",
            "encryption_scope_override_enabled": true,
            "has_immutability_policy": false,
            "has_legal_hold": false,
            "id": "/subscriptions/99b79efe-ebd6-468c-b39f-5669acb259e1/resourceGroups/04-t1-www-rg/providers/Microsoft.Storage/storageAccounts/wwwstoragehdxo/blobServices/default/containers/wordpress-content",
            "metadata": {
              "criticality": "high",
              "purpose": "WordPress content and uploads",
              "retention": "long-term"
            },
            "name": "wordpress-content",
            "resource_manager_id": "/subscriptions/99b79efe-ebd6-468c-b39f-5669acb259e1/resourceGroups/04-t1-www-rg/providers/Microsoft.Storage/storageAccounts/wwwstoragehdxo/blobServices/default/containers/wordpress-content",
            "storage_account_id": "/subscriptions/99b79efe-ebd6-468c-b39f-5669acb259e1/resourceGroups/04-t1-www-rg/providers/Microsoft.Storage/storageAccounts/wwwstoragehdxo",
            "storage_account_name": "",
            "timeouts": null
          },
          "sensitive_attributes": [],
          "identity_schema_version": 0,
          "private": "eyJlMmJmYjczMC1lY2FhLTExZTYtOGY4OC0zNDM2M2JjN2M0YzAiOnsiY3JlYXRlIjoxODAwMDAwMDAwMDAwLCJkZWxldGUiOjE4MDAwMDAwMDAwMDAsInJlYWQiOjMwMDAwMDAwMDAwMCwidXBkYXRlIjoxODAwMDAwMDAwMDAwfSwic2NoZW1hX3ZlcnNpb24iOiIxIn0=",
          "dependencies": [
            "azurerm_resource_group.rg",
            "module.network_central.azurerm_subnet.subnets",
            "module.network_central.azurerm_virtual_network.vnet",
            "module.storage.azurerm_storage_account.www_sa",
            "module.storage.random_string.sa_suffix"
          ]
        }
      ]
    },
    {
      "module": "module.storage",
      "mode": "managed",
      "type": "azurerm_storage_container",
      "name": "www_container",
      "provider": "provider[\"registry.terraform.io/hashicorp/azurerm\"]",
      "instances": [
        {
          "schema_version": 1,
          "attributes": {
            "container_access_type": "private",
            "default_encryption_scope": "$account-encryption-key",
            "encryption_scope_override_enabled": true,
            "has_immutability_policy": false,
            "has_legal_hold": false,
            "id": "/subscriptions/99b79efe-ebd6-468c-b39f-5669acb259e1/resourceGroups/04-t1-www-rg/providers/Microsoft.Storage/storageAccounts/wwwstoragehdxo/blobServices/default/containers/www-files",
            "metadata": {
              "criticality": "medium",
              "purpose": "General application files",
              "retention": "medium-term"
            },
            "name": "www-files",
            "resource_manager_id": "/subscriptions/99b79efe-ebd6-468c-b39f-5669acb259e1/resourceGroups/04-t1-www-rg/providers/Microsoft.Storage/storageAccounts/wwwstoragehdxo/blobServices/default/containers/www-files",
            "storage_account_id": "/subscriptions/99b79efe-ebd6-468c-b39f-5669acb259e1/resourceGroups/04-t1-www-rg/providers/Microsoft.Storage/storageAccounts/wwwstoragehdxo",
            "storage_account_name": "",
            "timeouts": null
          },
          "sensitive_attributes": [],
          "identity_schema_version": 0,
          "private": "eyJlMmJmYjczMC1lY2FhLTExZTYtOGY4OC0zNDM2M2JjN2M0YzAiOnsiY3JlYXRlIjoxODAwMDAwMDAwMDAwLCJkZWxldGUiOjE4MDAwMDAwMDAwMDAsInJlYWQiOjMwMDAwMDAwMDAwMCwidXBkYXRlIjoxODAwMDAwMDAwMDAwfSwic2NoZW1hX3ZlcnNpb24iOiIxIn0=",
          "dependencies": [
            "azurerm_resource_group.rg",
            "module.network_central.azurerm_subnet.subnets",
            "module.network_central.azurerm_virtual_network.vnet",
            "module.storage.azurerm_storage_account.www_sa",
            "module.storage.random_string.sa_suffix"
          ]
        }
      ]
    },
    {
      "module": "module.storage",
      "mode": "managed",
      "type": "azurerm_storage_container",
      "name": "www_media",
      "provider": "provider[\"registry.terraform.io/hashicorp/azurerm\"]",
      "instances": [
        {
          "schema_version": 1,
          "attributes": {
            "container_access_type": "private",
            "default_encryption_scope": "$account-encryption-key",
            "encryption_scope_override_enabled": true,
            "has_immutability_policy": false,
            "has_legal_hold": false,
            "id": "/subscriptions/99b79efe-ebd6-468c-b39f-5669acb259e1/resourceGroups/04-t1-www-rg/providers/Microsoft.Storage/storageAccounts/wwwstoragehdxo/blobServices/default/containers/media",
            "metadata": {
              "criticality": "high",
              "purpose": "User uploaded media files (photos, videos)",
              "retention": "long-term"
            },
            "name": "media",
            "resource_manager_id": "/subscriptions/99b79efe-ebd6-468c-b39f-5669acb259e1/resourceGroups/04-t1-www-rg/providers/Microsoft.Storage/storageAccounts/wwwstoragehdxo/blobServices/default/containers/media",
            "storage_account_id": "/subscriptions/99b79efe-ebd6-468c-b39f-5669acb259e1/resourceGroups/04-t1-www-rg/providers/Microsoft.Storage/storageAccounts/wwwstoragehdxo",
            "storage_account_name": "",
            "timeouts": null
          },
          "sensitive_attributes": [],
          "identity_schema_version": 0,
          "private": "eyJlMmJmYjczMC1lY2FhLTExZTYtOGY4OC0zNDM2M2JjN2M0YzAiOnsiY3JlYXRlIjoxODAwMDAwMDAwMDAwLCJkZWxldGUiOjE4MDAwMDAwMDAwMDAsInJlYWQiOjMwMDAwMDAwMDAwMCwidXBkYXRlIjoxODAwMDAwMDAwMDAwfSwic2NoZW1hX3ZlcnNpb24iOiIxIn0=",
          "dependencies": [
            "azurerm_resource_group.rg",
            "module.network_central.azurerm_subnet.subnets",
            "module.network_central.azurerm_virtual_network.vnet",
            "module.storage.azurerm_storage_account.www_sa",
            "module.storage.random_string.sa_suffix"
          ]
        }
      ]
    },
    {
      "module": "module.storage",
      "mode": "managed",
      "type": "azurerm_storage_container",
      "name": "www_tfstate",
      "provider": "provider[\"registry.terraform.io/hashicorp/azurerm\"]",
      "instances": [
        {
          "schema_version": 1,
          "attributes": {
            "container_access_type": "private",
            "default_encryption_scope": "$account-encryption-key",
            "encryption_scope_override_enabled": true,
            "has_immutability_policy": false,
            "has_legal_hold": false,
            "id": "/subscriptions/99b79efe-ebd6-468c-b39f-5669acb259e1/resourceGroups/04-t1-www-rg/providers/Microsoft.Storage/storageAccounts/wwwstoragehdxo/blobServices/default/containers/tfstate",
            "metadata": {
              "criticality": "critical",
              "purpose": "Terraform state files",
              "retention": "permanent"
            },
            "name": "tfstate",
            "resource_manager_id": "/subscriptions/99b79efe-ebd6-468c-b39f-5669acb259e1/resourceGroups/04-t1-www-rg/providers/Microsoft.Storage/storageAccounts/wwwstoragehdxo/blobServices/default/containers/tfstate",
            "storage_account_id": "/subscriptions/99b79efe-ebd6-468c-b39f-5669acb259e1/resourceGroups/04-t1-www-rg/providers/Microsoft.Storage/storageAccounts/wwwstoragehdxo",
            "storage_account_name": "",
            "timeouts": null
          },
          "sensitive_attributes": [],
          "identity_schema_version": 0,
          "private": "eyJlMmJmYjczMC1lY2FhLTExZTYtOGY4OC0zNDM2M2JjN2M0YzAiOnsiY3JlYXRlIjoxODAwMDAwMDAwMDAwLCJkZWxldGUiOjE4MDAwMDAwMDAwMDAsInJlYWQiOjMwMDAwMDAwMDAwMCwidXBkYXRlIjoxODAwMDAwMDAwMDAwfSwic2NoZW1hX3ZlcnNpb24iOiIxIn0=",
          "dependencies": [
            "azurerm_resource_group.rg",
            "module.network_central.azurerm_subnet.subnets",
            "module.network_central.azurerm_virtual_network.vnet",
            "module.storage.azurerm_storage_account.www_sa",
            "module.storage.random_string.sa_suffix"
          ]
        }
      ]
    },
    {
      "module": "module.storage",
      "mode": "managed",
      "type": "azurerm_storage_management_policy",
      "name": "www_policy",
      "provider": "provider[\"registry.terraform.io/hashicorp/azurerm\"]",
      "instances": [
        {
          "schema_version": 0,
          "attributes": {
            "id": "/subscriptions/99b79efe-ebd6-468c-b39f-5669acb259e1/resourceGroups/04-t1-www-rg/providers/Microsoft.Storage/storageAccounts/wwwstoragehdxo/managementPolicies/default",
            "rule": [
              {
                "actions": [
                  {
                    "base_blob": [
                      {
                        "auto_tier_to_hot_from_cool_enabled": false,
                        "delete_after_days_since_creation_greater_than": -1,
                        "delete_after_days_since_last_access_time_greater_than": -1,
                        "delete_after_days_since_modification_greater_than": 730,
                        "tier_to_archive_after_days_since_creation_greater_than": -1,
                        "tier_to_archive_after_days_since_last_access_time_greater_than": -1,
                        "tier_to_archive_after_days_since_last_tier_change_greater_than": -1,
                        "tier_to_archive_after_days_since_modification_greater_than": 90,
                        "tier_to_cold_after_days_since_creation_greater_than": -1,
                        "tier_to_cold_after_days_since_last_access_time_greater_than": -1,
                        "tier_to_cold_after_days_since_modification_greater_than": -1,
                        "tier_to_cool_after_days_since_creation_greater_than": -1,
                        "tier_to_cool_after_days_since_last_access_time_greater_than": -1,
                        "tier_to_cool_after_days_since_modification_greater_than": 30
                      }
                    ],
                    "snapshot": [
                      {
                        "change_tier_to_archive_after_days_since_creation": -1,
                        "change_tier_to_cool_after_days_since_creation": -1,
                        "delete_after_days_since_creation_greater_than": 90,
                        "tier_to_archive_after_days_since_last_tier_change_greater_than": -1,
                        "tier_to_cold_after_days_since_creation_greater_than": -1
                      }
                    ],
                    "version": [
                      {
                        "change_tier_to_archive_after_days_since_creation": -1,
                        "change_tier_to_cool_after_days_since_creation": -1,
                        "delete_after_days_since_creation": 90,
                        "tier_to_archive_after_days_since_last_tier_change_greater_than": -1,
                        "tier_to_cold_after_days_since_creation_greater_than": -1
                      }
                    ]
                  }
                ],
                "enabled": true,
                "filters": [
                  {
                    "blob_types": [
                      "blockBlob"
                    ],
                    "match_blob_index_tag": [],
                    "prefix_match": [
                      "media/"
                    ]
                  }
                ],
                "name": "media-lifecycle"
              },
              {
                "actions": [
                  {
                    "base_blob": [
                      {
                        "auto_tier_to_hot_from_cool_enabled": false,
                        "delete_after_days_since_creation_greater_than": -1,
                        "delete_after_days_since_last_access_time_greater_than": -1,
                        "delete_after_days_since_modification_greater_than": 365,
                        "tier_to_archive_after_days_since_creation_greater_than": -1,
                        "tier_to_archive_after_days_since_last_access_time_greater_than": -1,
                        "tier_to_archive_after_days_since_last_tier_change_greater_than": -1,
                        "tier_to_archive_after_days_since_modification_greater_than": 30,
                        "tier_to_cold_after_days_since_creation_greater_than": -1,
                        "tier_to_cold_after_days_since_last_access_time_greater_than": -1,
                        "tier_to_cold_after_days_since_modification_greater_than": -1,
                        "tier_to_cool_after_days_since_creation_greater_than": -1,
                        "tier_to_cool_after_days_since_last_access_time_greater_than": -1,
                        "tier_to_cool_after_days_since_modification_greater_than": 7
                      }
                    ],
                    "snapshot": [
                      {
                        "change_tier_to_archive_after_days_since_creation": -1,
                        "change_tier_to_cool_after_days_since_creation": -1,
                        "delete_after_days_since_creation_greater_than": 90,
                        "tier_to_archive_after_days_since_last_tier_change_greater_than": -1,
                        "tier_to_cold_after_days_since_creation_greater_than": -1
                      }
                    ],
                    "version": []
                  }
                ],
                "enabled": true,
                "filters": [
                  {
                    "blob_types": [
                      "blockBlob"
                    ],
                    "match_blob_index_tag": [],
                    "prefix_match": [
                      "mysql-backups/"
                    ]
                  }
                ],
                "name": "backup-lifecycle"
              },
              {
                "actions": [
                  {
                    "base_blob": [
                      {
                        "auto_tier_to_hot_from_cool_enabled": false,
                        "delete_after_days_since_creation_greater_than": -1,
                        "delete_after_days_since_last_access_time_greater_than": -1,
                        "delete_after_days_since_modification_greater_than": 90,
                        "tier_to_archive_after_days_since_creation_greater_than": -1,
                        "tier_to_archive_after_days_since_last_access_time_greater_than": -1,
                        "tier_to_archive_after_days_since_last_tier_change_greater_than": -1,
                        "tier_to_archive_after_days_since_modification_greater_than": -1,
                        "tier_to_cold_after_days_since_creation_greater_than": -1,
                        "tier_to_cold_after_days_since_last_access_time_greater_than": -1,
                        "tier_to_cold_after_days_since_modification_greater_than": -1,
                        "tier_to_cool_after_days_since_creation_greater_than": -1,
                        "tier_to_cool_after_days_since_last_access_time_greater_than": -1,
                        "tier_to_cool_after_days_since_modification_greater_than": 7
                      }
                    ],
                    "snapshot": [],
                    "version": []
                  }
                ],
                "enabled": true,
                "filters": [
                  {
                    "blob_types": [
                      "blockBlob"
                    ],
                    "match_blob_index_tag": [],
                    "prefix_match": [
                      "logs/"
                    ]
                  }
                ],
                "name": "log-lifecycle"
              },
              {
                "actions": [
                  {
                    "base_blob": [],
                    "snapshot": [],
                    "version": [
                      {
                        "change_tier_to_archive_after_days_since_creation": -1,
                        "change_tier_to_cool_after_days_since_creation": -1,
                        "delete_after_days_since_creation": 180,
                        "tier_to_archive_after_days_since_last_tier_change_greater_than": -1,
                        "tier_to_cold_after_days_since_creation_greater_than": -1
                      }
                    ]
                  }
                ],
                "enabled": true,
                "filters": [
                  {
                    "blob_types": [
                      "blockBlob"
                    ],
                    "match_blob_index_tag": [],
                    "prefix_match": []
                  }
                ],
                "name": "version-cleanup"
              }
            ],
            "storage_account_id": "/subscriptions/99b79efe-ebd6-468c-b39f-5669acb259e1/resourceGroups/04-t1-www-rg/providers/Microsoft.Storage/storageAccounts/wwwstoragehdxo",
            "timeouts": null
          },
          "sensitive_attributes": [],
          "identity_schema_version": 0,
          "private": "eyJlMmJmYjczMC1lY2FhLTExZTYtOGY4OC0zNDM2M2JjN2M0YzAiOnsiY3JlYXRlIjoxODAwMDAwMDAwMDAwLCJkZWxldGUiOjE4MDAwMDAwMDAwMDAsInJlYWQiOjMwMDAwMDAwMDAwMCwidXBkYXRlIjoxODAwMDAwMDAwMDAwfX0=",
          "dependencies": [
            "azurerm_resource_group.rg",
            "module.network_central.azurerm_subnet.subnets",
            "module.network_central.azurerm_virtual_network.vnet",
            "module.storage.azurerm_storage_account.www_sa",
            "module.storage.random_string.sa_suffix"
          ]
        }
      ]
    },
    {
      "module": "module.storage",
      "mode": "managed",
      "type": "azurerm_storage_share",
      "name": "share",
      "provider": "provider[\"registry.terraform.io/hashicorp/azurerm\"]",
      "instances": [
        {
          "schema_version": 2,
          "attributes": {
            "access_tier": "Hot",
            "acl": [
              {
                "access_policy": [
                  {
                    "expiry": "2026-12-02T11:52:27Z",
                    "permissions": "rwdl",
                    "start": "2025-12-02T10:52:27Z"
                  }
                ],
                "id": "www-share-access"
              }
            ],
            "enabled_protocol": "SMB",
            "id": "/subscriptions/99b79efe-ebd6-468c-b39f-5669acb259e1/resourceGroups/04-t1-www-rg/providers/Microsoft.Storage/storageAccounts/wwwstoragehdxo/fileServices/default/shares/www-share",
            "metadata": {},
            "name": "www-share",
            "quota": 100,
            "resource_manager_id": "/subscriptions/99b79efe-ebd6-468c-b39f-5669acb259e1/resourceGroups/04-t1-www-rg/providers/Microsoft.Storage/storageAccounts/wwwstoragehdxo/fileServices/default/shares/www-share",
            "storage_account_id": "/subscriptions/99b79efe-ebd6-468c-b39f-5669acb259e1/resourceGroups/04-t1-www-rg/providers/Microsoft.Storage/storageAccounts/wwwstoragehdxo",
            "storage_account_name": "",
            "timeouts": null,
            "url": "https://wwwstoragehdxo.file.core.windows.net/www-share"
          },
          "sensitive_attributes": [],
          "identity_schema_version": 0,
          "private": "eyJlMmJmYjczMC1lY2FhLTExZTYtOGY4OC0zNDM2M2JjN2M0YzAiOnsiY3JlYXRlIjoxODAwMDAwMDAwMDAwLCJkZWxldGUiOjE4MDAwMDAwMDAwMDAsInJlYWQiOjMwMDAwMDAwMDAwMCwidXBkYXRlIjoxODAwMDAwMDAwMDAwfSwic2NoZW1hX3ZlcnNpb24iOiIyIn0=",
          "dependencies": [
            "azurerm_resource_group.rg",
            "module.network_central.azurerm_subnet.subnets",
            "module.network_central.azurerm_virtual_network.vnet",
            "module.storage.azurerm_storage_account.www_sa",
            "module.storage.random_string.sa_suffix"
          ]
        }
      ]
    },
    {
      "module": "module.storage",
      "mode": "managed",
      "type": "random_string",
      "name": "cdn_suffix",
      "provider": "provider[\"registry.terraform.io/hashicorp/random\"]",
      "instances": [
        {
          "schema_version": 2,
          "attributes": {
            "id": "4xu1w6",
            "keepers": null,
            "length": 6,
            "lower": true,
            "min_lower": 0,
            "min_numeric": 0,
            "min_special": 0,
            "min_upper": 0,
            "number": true,
            "numeric": true,
            "override_special": null,
            "result": "4xu1w6",
            "special": false,
            "upper": false
          },
          "sensitive_attributes": [],
          "identity_schema_version": 0
        }
      ]
    },
    {
      "module": "module.storage",
      "mode": "managed",
      "type": "random_string",
      "name": "premium_sa_suffix",
      "provider": "provider[\"registry.terraform.io/hashicorp/random\"]",
      "instances": [
        {
          "schema_version": 2,
          "attributes": {
            "id": "k8l9eq",
            "keepers": null,
            "length": 6,
            "lower": true,
            "min_lower": 0,
            "min_numeric": 0,
            "min_special": 0,
            "min_upper": 0,
            "number": true,
            "numeric": true,
            "override_special": null,
            "result": "k8l9eq",
            "special": false,
            "upper": false
          },
          "sensitive_attributes": [],
          "identity_schema_version": 0
        }
      ]
    },
    {
      "module": "module.storage",
      "mode": "managed",
      "type": "random_string",
      "name": "sa_suffix",
      "provider": "provider[\"registry.terraform.io/hashicorp/random\"]",
      "instances": [
        {
          "schema_version": 2,
          "attributes": {
            "id": "hdxo",
            "keepers": null,
            "length": 4,
            "lower": true,
            "min_lower": 0,
            "min_numeric": 0,
            "min_special": 0,
            "min_upper": 0,
            "number": true,
            "numeric": true,
            "override_special": null,
            "result": "hdxo",
            "special": false,
            "upper": false
          },
          "sensitive_attributes": [],
          "identity_schema_version": 0
        }
      ]
    },
    {
      "module": "module.storage",
      "mode": "managed",
      "type": "random_string",
      "name": "waf_suffix",
      "provider": "provider[\"registry.terraform.io/hashicorp/random\"]",
      "instances": [
        {
          "schema_version": 2,
          "attributes": {
            "id": "h80mzh",
            "keepers": null,
            "length": 6,
            "lower": true,
            "min_lower": 0,
            "min_numeric": 0,
            "min_special": 0,
            "min_upper": 0,
            "number": true,
            "numeric": true,
            "override_special": null,
            "result": "h80mzh",
            "special": false,
            "upper": false
          },
          "sensitive_attributes": [],
          "identity_schema_version": 0
        }
      ]
    }
  ],
  "check_results": null
}
