{
  "version": 4,
  "terraform_version": "1.13.5",
  "serial": 666,
  "lineage": "975e2d59-b08c-89cf-209b-61f00f74b213",
  "outputs": {
    "app_pub_ip": {
      "value": "20.214.50.208",
      "type": "string"
    },
    "bas_pub_ip": {
      "value": "20.249.73.120",
      "type": "string"
    },
    "nat_pub_ip": {
      "value": "4.217.169.220",
      "type": "string"
    },
    "nat_v1_pub_ip": {
      "value": "20.214.17.241",
      "type": "string"
    }
  },
  "resources": [
    {
      "mode": "data",
      "type": "azuread_user",
      "name": "compute_admin",
      "provider": "provider[\"registry.terraform.io/hashicorp/azuread\"]",
      "instances": [
        {
          "schema_version": 0,
          "attributes": {
            "account_enabled": true,
            "age_group": "",
            "business_phones": [],
            "city": "",
            "company_name": "",
            "consent_provided_for_minor": "",
            "cost_center": null,
            "country": "",
            "creation_type": "",
            "department": "",
            "display_name": "배하영",
            "division": null,
            "employee_hire_date": "",
            "employee_id": "",
            "employee_type": "",
            "external_user_state": "",
            "fax_number": "",
            "given_name": "",
            "id": "/users/5a54cace-68ce-40f1-b485-b32a226e50e5",
            "im_addresses": [],
            "job_title": "",
            "mail": "",
            "mail_nickname": "student11",
            "manager_id": "",
            "mobile_phone": "",
            "object_id": "5a54cace-68ce-40f1-b485-b32a226e50e5",
            "office_location": "",
            "onpremises_distinguished_name": "",
            "onpremises_domain_name": "",
            "onpremises_immutable_id": "",
            "onpremises_sam_account_name": "",
            "onpremises_security_identifier": "",
            "onpremises_sync_enabled": false,
            "onpremises_user_principal_name": "",
            "other_mails": [],
            "postal_code": "",
            "preferred_language": "",
            "proxy_addresses": [],
            "show_in_address_list": false,
            "state": "",
            "street_address": "",
            "surname": "",
            "timeouts": null,
            "usage_location": "",
            "user_principal_name": "student411@mscsschool.onmicrosoft.com",
            "user_type": "Member"
          },
          "sensitive_attributes": [],
          "identity_schema_version": 0
        }
      ]
    },
    {
      "mode": "data",
      "type": "azuread_user",
      "name": "db_admin",
      "provider": "provider[\"registry.terraform.io/hashicorp/azuread\"]",
      "instances": [
        {
          "schema_version": 0,
          "attributes": {
            "account_enabled": true,
            "age_group": "",
            "business_phones": [],
            "city": "",
            "company_name": "",
            "consent_provided_for_minor": "",
            "cost_center": null,
            "country": "",
            "creation_type": "",
            "department": "",
            "display_name": "이두경",
            "division": null,
            "employee_hire_date": "",
            "employee_id": "",
            "employee_type": "",
            "external_user_state": "",
            "fax_number": "",
            "given_name": "",
            "id": "/users/492131b6-671b-43f1-ac1e-db6a26222569",
            "im_addresses": [],
            "job_title": "",
            "mail": "",
            "mail_nickname": "student421",
            "manager_id": "",
            "mobile_phone": "",
            "object_id": "492131b6-671b-43f1-ac1e-db6a26222569",
            "office_location": "",
            "onpremises_distinguished_name": "",
            "onpremises_domain_name": "",
            "onpremises_immutable_id": "",
            "onpremises_sam_account_name": "",
            "onpremises_security_identifier": "",
            "onpremises_sync_enabled": false,
            "onpremises_user_principal_name": "",
            "other_mails": [],
            "postal_code": "",
            "preferred_language": "",
            "proxy_addresses": [],
            "show_in_address_list": false,
            "state": "",
            "street_address": "",
            "surname": "",
            "timeouts": null,
            "usage_location": "",
            "user_principal_name": "student421@mscsschool.onmicrosoft.com",
            "user_type": "Member"
          },
          "sensitive_attributes": [],
          "identity_schema_version": 0
        }
      ]
    },
    {
      "mode": "data",
      "type": "azuread_user",
      "name": "network_admin",
      "provider": "provider[\"registry.terraform.io/hashicorp/azuread\"]",
      "instances": [
        {
          "schema_version": 0,
          "attributes": {
            "account_enabled": true,
            "age_group": "",
            "business_phones": [],
            "city": "",
            "company_name": "",
            "consent_provided_for_minor": "",
            "cost_center": null,
            "country": "",
            "creation_type": "",
            "department": "",
            "display_name": "이하연",
            "division": null,
            "employee_hire_date": "",
            "employee_id": "",
            "employee_type": "",
            "external_user_state": "",
            "fax_number": "",
            "given_name": "",
            "id": "/users/459480bc-f44e-4582-8c98-71fa3d881811",
            "im_addresses": [],
            "job_title": "",
            "mail": "",
            "mail_nickname": "student424",
            "manager_id": "",
            "mobile_phone": "",
            "object_id": "459480bc-f44e-4582-8c98-71fa3d881811",
            "office_location": "",
            "onpremises_distinguished_name": "",
            "onpremises_domain_name": "",
            "onpremises_immutable_id": "",
            "onpremises_sam_account_name": "",
            "onpremises_security_identifier": "",
            "onpremises_sync_enabled": false,
            "onpremises_user_principal_name": "",
            "other_mails": [],
            "postal_code": "",
            "preferred_language": "",
            "proxy_addresses": [],
            "show_in_address_list": false,
            "state": "",
            "street_address": "",
            "surname": "",
            "timeouts": null,
            "usage_location": "",
            "user_principal_name": "student424@mscsschool.onmicrosoft.com",
            "user_type": "Member"
          },
          "sensitive_attributes": [],
          "identity_schema_version": 0
        }
      ]
    },
    {
      "mode": "data",
      "type": "azuread_user",
      "name": "pm_user",
      "provider": "provider[\"registry.terraform.io/hashicorp/azuread\"]",
      "instances": [
        {
          "schema_version": 0,
          "attributes": {
            "account_enabled": true,
            "age_group": "",
            "business_phones": [],
            "city": "",
            "company_name": "",
            "consent_provided_for_minor": "",
            "cost_center": null,
            "country": "",
            "creation_type": "",
            "department": "",
            "display_name": "이기훈",
            "division": null,
            "employee_hire_date": "",
            "employee_id": "",
            "employee_type": "",
            "external_user_state": "",
            "fax_number": "",
            "given_name": "",
            "id": "/users/cbca0876-4730-495c-8c47-18b9c9af868a",
            "im_addresses": [],
            "job_title": "",
            "mail": "",
            "mail_nickname": "student420",
            "manager_id": "",
            "mobile_phone": "",
            "object_id": "cbca0876-4730-495c-8c47-18b9c9af868a",
            "office_location": "",
            "onpremises_distinguished_name": "",
            "onpremises_domain_name": "",
            "onpremises_immutable_id": "",
            "onpremises_sam_account_name": "",
            "onpremises_security_identifier": "",
            "onpremises_sync_enabled": false,
            "onpremises_user_principal_name": "",
            "other_mails": [],
            "postal_code": "",
            "preferred_language": "",
            "proxy_addresses": [],
            "show_in_address_list": false,
            "state": "",
            "street_address": "",
            "surname": "",
            "timeouts": null,
            "usage_location": "",
            "user_principal_name": "student420@mscsschool.onmicrosoft.com",
            "user_type": "Member"
          },
          "sensitive_attributes": [],
          "identity_schema_version": 0
        }
      ]
    },
    {
      "mode": "data",
      "type": "azuread_user",
      "name": "security_admin",
      "provider": "provider[\"registry.terraform.io/hashicorp/azuread\"]",
      "instances": [
        {
          "schema_version": 0,
          "attributes": {
            "account_enabled": true,
            "age_group": "",
            "business_phones": [],
            "city": "",
            "company_name": "",
            "consent_provided_for_minor": "",
            "cost_center": null,
            "country": "",
            "creation_type": "",
            "department": "",
            "display_name": "정현지",
            "division": null,
            "employee_hire_date": "",
            "employee_id": "",
            "employee_type": "",
            "external_user_state": "",
            "fax_number": "",
            "given_name": "",
            "id": "/users/b9d57093-411e-4141-b5a5-faf01b0edd17",
            "im_addresses": [],
            "job_title": "",
            "mail": "",
            "mail_nickname": "student426",
            "manager_id": "",
            "mobile_phone": "",
            "object_id": "b9d57093-411e-4141-b5a5-faf01b0edd17",
            "office_location": "",
            "onpremises_distinguished_name": "",
            "onpremises_domain_name": "",
            "onpremises_immutable_id": "",
            "onpremises_sam_account_name": "",
            "onpremises_security_identifier": "",
            "onpremises_sync_enabled": false,
            "onpremises_user_principal_name": "",
            "other_mails": [],
            "postal_code": "",
            "preferred_language": "",
            "proxy_addresses": [],
            "show_in_address_list": false,
            "state": "",
            "street_address": "",
            "surname": "",
            "timeouts": null,
            "usage_location": "",
            "user_principal_name": "student426@mscsschool.onmicrosoft.com",
            "user_type": "Member"
          },
          "sensitive_attributes": [],
          "identity_schema_version": 0
        }
      ]
    },
    {
      "mode": "managed",
      "type": "azurerm_application_gateway",
      "name": "www_appgw",
      "provider": "provider[\"registry.terraform.io/hashicorp/azurerm\"]",
      "instances": [
        {
          "schema_version": 0,
          "attributes": {
            "authentication_certificate": [],
            "autoscale_configuration": [],
            "backend_address_pool": [
              {
                "fqdns": [],
                "id": "/subscriptions/99b79efe-ebd6-468c-b39f-5669acb259e1/resourceGroups/04-T1-www/providers/Microsoft.Network/applicationGateways/www-appgw/backendAddressPools/www-beap",
                "ip_addresses": [],
                "name": "www-beap"
              }
            ],
            "backend_http_settings": [
              {
                "affinity_cookie_name": "",
                "authentication_certificate": [],
                "connection_draining": [],
                "cookie_based_affinity": "Disabled",
                "dedicated_backend_connection_enabled": false,
                "host_name": "",
                "id": "/subscriptions/99b79efe-ebd6-468c-b39f-5669acb259e1/resourceGroups/04-T1-www/providers/Microsoft.Network/applicationGateways/www-appgw/backendHttpSettingsCollection/www-be-htst",
                "name": "www-be-htst",
                "path": "",
                "pick_host_name_from_backend_address": false,
                "port": 80,
                "probe_id": "",
                "probe_name": "",
                "protocol": "Http",
                "request_timeout": 60,
                "trusted_root_certificate_names": []
              }
            ],
            "custom_error_configuration": [],
            "enable_http2": false,
            "fips_enabled": false,
            "firewall_policy_id": "",
            "force_firewall_policy_association": false,
            "frontend_ip_configuration": [
              {
                "id": "/subscriptions/99b79efe-ebd6-468c-b39f-5669acb259e1/resourceGroups/04-T1-www/providers/Microsoft.Network/applicationGateways/www-appgw/frontendIPConfigurations/www-feip",
                "name": "www-feip",
                "private_ip_address": "",
                "private_ip_address_allocation": "Dynamic",
                "private_link_configuration_id": "",
                "private_link_configuration_name": "",
                "public_ip_address_id": "/subscriptions/99b79efe-ebd6-468c-b39f-5669acb259e1/resourceGroups/04-T1-www/providers/Microsoft.Network/publicIPAddresses/www-appip",
                "subnet_id": ""
              }
            ],
            "frontend_port": [
              {
                "id": "/subscriptions/99b79efe-ebd6-468c-b39f-5669acb259e1/resourceGroups/04-T1-www/providers/Microsoft.Network/applicationGateways/www-appgw/frontendPorts/www-feport",
                "name": "www-feport",
                "port": 80
              }
            ],
            "gateway_ip_configuration": [
              {
                "id": "/subscriptions/99b79efe-ebd6-468c-b39f-5669acb259e1/resourceGroups/04-T1-www/providers/Microsoft.Network/applicationGateways/www-appgw/gatewayIPConfigurations/www-ip-appgw",
                "name": "www-ip-appgw",
                "subnet_id": "/subscriptions/99b79efe-ebd6-468c-b39f-5669acb259e1/resourceGroups/04-T1-www/providers/Microsoft.Network/virtualNetworks/www-vnet1/subnets/www-appgw"
              }
            ],
            "global": [],
            "http_listener": [
              {
                "custom_error_configuration": [],
                "firewall_policy_id": "",
                "frontend_ip_configuration_id": "/subscriptions/99b79efe-ebd6-468c-b39f-5669acb259e1/resourceGroups/04-T1-www/providers/Microsoft.Network/applicationGateways/www-appgw/frontendIPConfigurations/www-feip",
                "frontend_ip_configuration_name": "www-feip",
                "frontend_port_id": "/subscriptions/99b79efe-ebd6-468c-b39f-5669acb259e1/resourceGroups/04-T1-www/providers/Microsoft.Network/applicationGateways/www-appgw/frontendPorts/www-feport",
                "frontend_port_name": "www-feport",
                "host_name": "",
                "host_names": [],
                "id": "/subscriptions/99b79efe-ebd6-468c-b39f-5669acb259e1/resourceGroups/04-T1-www/providers/Microsoft.Network/applicationGateways/www-appgw/httpListeners/www-httplstn",
                "name": "www-httplstn",
                "protocol": "Http",
                "require_sni": false,
                "ssl_certificate_id": "",
                "ssl_certificate_name": "",
                "ssl_profile_id": "",
                "ssl_profile_name": ""
              }
            ],
            "id": "/subscriptions/99b79efe-ebd6-468c-b39f-5669acb259e1/resourceGroups/04-T1-www/providers/Microsoft.Network/applicationGateways/www-appgw",
            "identity": [],
            "location": "koreasouth",
            "name": "www-appgw",
            "private_endpoint_connection": [],
            "private_link_configuration": [],
            "probe": [],
            "redirect_configuration": [],
            "request_routing_rule": [
              {
                "backend_address_pool_id": "/subscriptions/99b79efe-ebd6-468c-b39f-5669acb259e1/resourceGroups/04-T1-www/providers/Microsoft.Network/applicationGateways/www-appgw/backendAddressPools/www-beap",
                "backend_address_pool_name": "www-beap",
                "backend_http_settings_id": "/subscriptions/99b79efe-ebd6-468c-b39f-5669acb259e1/resourceGroups/04-T1-www/providers/Microsoft.Network/applicationGateways/www-appgw/backendHttpSettingsCollection/www-be-htst",
                "backend_http_settings_name": "www-be-htst",
                "http_listener_id": "/subscriptions/99b79efe-ebd6-468c-b39f-5669acb259e1/resourceGroups/04-T1-www/providers/Microsoft.Network/applicationGateways/www-appgw/httpListeners/www-httplstn",
                "http_listener_name": "www-httplstn",
                "id": "/subscriptions/99b79efe-ebd6-468c-b39f-5669acb259e1/resourceGroups/04-T1-www/providers/Microsoft.Network/applicationGateways/www-appgw/requestRoutingRules/www-rqrt",
                "name": "www-rqrt",
                "priority": 9,
                "redirect_configuration_id": "",
                "redirect_configuration_name": "",
                "rewrite_rule_set_id": "",
                "rewrite_rule_set_name": "",
                "rule_type": "Basic",
                "url_path_map_id": "",
                "url_path_map_name": ""
              }
            ],
            "resource_group_name": "04-T1-www",
            "rewrite_rule_set": [],
            "sku": [
              {
                "capacity": 2,
                "name": "Standard_v2",
                "tier": "Standard_v2"
              }
            ],
            "ssl_certificate": [],
            "ssl_policy": [
              {
                "cipher_suites": [],
                "disabled_protocols": [],
                "min_protocol_version": "",
                "policy_name": "AppGwSslPolicy20220101",
                "policy_type": "Predefined"
              }
            ],
            "ssl_profile": [],
            "tags": null,
            "timeouts": null,
            "trusted_client_certificate": [],
            "trusted_root_certificate": [],
            "url_path_map": [],
            "waf_configuration": [],
            "zones": null
          },
          "sensitive_attributes": [],
          "identity_schema_version": 0,
          "identity": {
            "name": "www-appgw",
            "resource_group_name": "04-T1-www",
            "subscription_id": "99b79efe-ebd6-468c-b39f-5669acb259e1"
          },
          "private": "eyJlMmJmYjczMC1lY2FhLTExZTYtOGY4OC0zNDM2M2JjN2M0YzAiOnsiY3JlYXRlIjo1NDAwMDAwMDAwMDAwLCJkZWxldGUiOjU0MDAwMDAwMDAwMDAsInJlYWQiOjMwMDAwMDAwMDAwMCwidXBkYXRlIjo1NDAwMDAwMDAwMDAwfX0=",
          "dependencies": [
            "azurerm_public_ip.www_appip",
            "azurerm_resource_group.www_rg",
            "azurerm_subnet.www_appgw",
            "azurerm_virtual_network.www_vnet1"
          ]
        }
      ]
    },
    {
      "mode": "managed",
      "type": "azurerm_dns_a_record",
      "name": "root_public",
      "provider": "provider[\"registry.terraform.io/hashicorp/azurerm\"]",
      "instances": [
        {
          "schema_version": 1,
          "attributes": {
            "fqdn": "04www.cloud.",
            "id": "/subscriptions/99b79efe-ebd6-468c-b39f-5669acb259e1/resourceGroups/04-T1-www/providers/Microsoft.Network/dnsZones/04www.cloud/A/@",
            "name": "@",
            "records": [
              "20.214.50.208"
            ],
            "resource_group_name": "04-T1-www",
            "tags": null,
            "target_resource_id": "",
            "timeouts": null,
            "ttl": 300,
            "zone_name": "04www.cloud"
          },
          "sensitive_attributes": [],
          "identity_schema_version": 0,
          "private": "eyJlMmJmYjczMC1lY2FhLTExZTYtOGY4OC0zNDM2M2JjN2M0YzAiOnsiY3JlYXRlIjoxODAwMDAwMDAwMDAwLCJkZWxldGUiOjE4MDAwMDAwMDAwMDAsInJlYWQiOjMwMDAwMDAwMDAwMCwidXBkYXRlIjoxODAwMDAwMDAwMDAwfSwic2NoZW1hX3ZlcnNpb24iOiIxIn0=",
          "dependencies": [
            "azurerm_dns_zone.public",
            "azurerm_public_ip.www_appip",
            "azurerm_resource_group.www_rg"
          ]
        }
      ]
    },
    {
      "mode": "managed",
      "type": "azurerm_dns_a_record",
      "name": "www_public",
      "provider": "provider[\"registry.terraform.io/hashicorp/azurerm\"]",
      "instances": [
        {
          "schema_version": 1,
          "attributes": {
            "fqdn": "www.04www.cloud.",
            "id": "/subscriptions/99b79efe-ebd6-468c-b39f-5669acb259e1/resourceGroups/04-T1-www/providers/Microsoft.Network/dnsZones/04www.cloud/A/www",
            "name": "www",
            "records": [
              "20.214.50.208"
            ],
            "resource_group_name": "04-T1-www",
            "tags": null,
            "target_resource_id": "",
            "timeouts": null,
            "ttl": 300,
            "zone_name": "04www.cloud"
          },
          "sensitive_attributes": [],
          "identity_schema_version": 0,
          "private": "eyJlMmJmYjczMC1lY2FhLTExZTYtOGY4OC0zNDM2M2JjN2M0YzAiOnsiY3JlYXRlIjoxODAwMDAwMDAwMDAwLCJkZWxldGUiOjE4MDAwMDAwMDAwMDAsInJlYWQiOjMwMDAwMDAwMDAwMCwidXBkYXRlIjoxODAwMDAwMDAwMDAwfSwic2NoZW1hX3ZlcnNpb24iOiIxIn0=",
          "dependencies": [
            "azurerm_dns_zone.public",
            "azurerm_public_ip.www_appip",
            "azurerm_resource_group.www_rg"
          ]
        }
      ]
    },
    {
      "mode": "managed",
      "type": "azurerm_dns_zone",
      "name": "public",
      "provider": "provider[\"registry.terraform.io/hashicorp/azurerm\"]",
      "instances": [
        {
          "schema_version": 2,
          "attributes": {
            "id": "/subscriptions/99b79efe-ebd6-468c-b39f-5669acb259e1/resourceGroups/04-T1-www/providers/Microsoft.Network/dnsZones/04www.cloud",
            "max_number_of_record_sets": 10000,
            "name": "04www.cloud",
            "name_servers": [
              "ns1-01.azure-dns.com.",
              "ns2-01.azure-dns.net.",
              "ns3-01.azure-dns.org.",
              "ns4-01.azure-dns.info."
            ],
            "number_of_record_sets": 2,
            "resource_group_name": "04-T1-www",
            "soa_record": [
              {
                "email": "azuredns-hostmaster.microsoft.com",
                "expire_time": 2419200,
                "fqdn": "04www.cloud.",
                "host_name": "ns1-01.azure-dns.com.",
                "minimum_ttl": 300,
                "refresh_time": 3600,
                "retry_time": 300,
                "serial_number": 1,
                "tags": {},
                "ttl": 3600
              }
            ],
            "tags": null,
            "timeouts": null
          },
          "sensitive_attributes": [],
          "identity_schema_version": 0,
          "private": "eyJlMmJmYjczMC1lY2FhLTExZTYtOGY4OC0zNDM2M2JjN2M0YzAiOnsiY3JlYXRlIjoxODAwMDAwMDAwMDAwLCJkZWxldGUiOjE4MDAwMDAwMDAwMDAsInJlYWQiOjMwMDAwMDAwMDAwMCwidXBkYXRlIjoxODAwMDAwMDAwMDAwfSwic2NoZW1hX3ZlcnNpb24iOiIyIn0=",
          "dependencies": [
            "azurerm_resource_group.www_rg"
          ]
        }
      ]
    },
    {
      "mode": "managed",
      "type": "azurerm_image",
      "name": "www_image",
      "provider": "provider[\"registry.terraform.io/hashicorp/azurerm\"]",
      "instances": [
        {
          "schema_version": 0,
          "attributes": {
            "data_disk": [],
            "hyper_v_generation": "V2",
            "id": "/subscriptions/99b79efe-ebd6-468c-b39f-5669acb259e1/resourceGroups/04-T1-www/providers/Microsoft.Compute/images/www-image",
            "location": "koreacentral",
            "name": "www-image",
            "os_disk": [
              {
                "blob_uri": "",
                "caching": "ReadWrite",
                "disk_encryption_set_id": "",
                "managed_disk_id": "/subscriptions/99b79efe-ebd6-468c-b39f-5669acb259e1/resourceGroups/04-T1-www/providers/Microsoft.Compute/disks/www-disk",
                "os_state": "Generalized",
                "os_type": "Linux",
                "size_gb": 10,
                "storage_type": "StandardSSD_LRS"
              }
            ],
            "resource_group_name": "04-T1-www",
            "source_virtual_machine_id": null,
            "tags": null,
            "timeouts": null,
            "zone_resilient": false
          },
          "sensitive_attributes": [],
          "identity_schema_version": 0,
          "private": "eyJlMmJmYjczMC1lY2FhLTExZTYtOGY4OC0zNDM2M2JjN2M0YzAiOnsiY3JlYXRlIjo1NDAwMDAwMDAwMDAwLCJkZWxldGUiOjU0MDAwMDAwMDAwMDAsInJlYWQiOjMwMDAwMDAwMDAwMCwidXBkYXRlIjo1NDAwMDAwMDAwMDAwfX0=",
          "dependencies": [
            "azurerm_linux_virtual_machine.www_web2vm",
            "azurerm_managed_disk.www_disk",
            "azurerm_network_interface.www_web2_nic",
            "azurerm_resource_group.www_rg",
            "azurerm_subnet.www_web2",
            "azurerm_virtual_network.www_vnet0",
            "null_resource.www_web2_deallocate"
          ]
        }
      ]
    },
    {
      "mode": "managed",
      "type": "azurerm_linux_virtual_machine",
      "name": "www_basvm",
      "provider": "provider[\"registry.terraform.io/hashicorp/azurerm\"]",
      "instances": [
        {
          "schema_version": 0,
          "attributes": {
            "additional_capabilities": [],
            "admin_password": null,
            "admin_ssh_key": [
              {
                "public_key": "ssh-ed25519 AAAAC3NzaC1lZDI1NTE5AAAAIPQMz6pXp11KhT0hWvtjhfnWCxvVEauRhw7dTgunou4M \r\n",
                "username": "www"
              }
            ],
            "admin_username": "www",
            "allow_extension_operations": true,
            "availability_set_id": "",
            "boot_diagnostics": [
              {
                "storage_account_uri": ""
              }
            ],
            "bypass_platform_safety_checks_on_user_schedule_enabled": false,
            "capacity_reservation_group_id": "",
            "computer_name": "www-basvm",
            "custom_data": null,
            "dedicated_host_group_id": "",
            "dedicated_host_id": "",
            "disable_password_authentication": true,
            "disk_controller_type": "SCSI",
            "edge_zone": "",
            "encryption_at_host_enabled": false,
            "eviction_policy": "",
            "extensions_time_budget": "PT1H30M",
            "gallery_application": [],
            "id": "/subscriptions/99b79efe-ebd6-468c-b39f-5669acb259e1/resourceGroups/04-T1-www/providers/Microsoft.Compute/virtualMachines/www-basvm",
            "identity": [
              {
                "identity_ids": [],
                "principal_id": "22a4afc6-c098-458a-9ae8-6baef1a5ec79",
                "tenant_id": "548e9ef4-b1d5-48fa-b220-59f52d6db511",
                "type": "SystemAssigned"
              }
            ],
            "license_type": "",
            "location": "koreacentral",
            "max_bid_price": -1,
            "name": "www-basvm",
            "network_interface_ids": [
              "/subscriptions/99b79efe-ebd6-468c-b39f-5669acb259e1/resourceGroups/04-T1-www/providers/Microsoft.Network/networkInterfaces/www-bas-nic"
            ],
            "os_disk": [
              {
                "caching": "ReadWrite",
                "diff_disk_settings": [],
                "disk_encryption_set_id": "",
                "disk_size_gb": 10,
                "id": "/subscriptions/99b79efe-ebd6-468c-b39f-5669acb259e1/resourceGroups/04-T1-www/providers/Microsoft.Compute/disks/www-basvm_disk1_3738a022203c4e7b9c841f1235a00b44",
                "name": "www-basvm_disk1_3738a022203c4e7b9c841f1235a00b44",
                "secure_vm_disk_encryption_set_id": "",
                "security_encryption_type": "",
                "storage_account_type": "Standard_LRS",
                "write_accelerator_enabled": false
              }
            ],
            "os_image_notification": [],
            "os_managed_disk_id": "/subscriptions/99b79efe-ebd6-468c-b39f-5669acb259e1/resourceGroups/04-T1-www/providers/Microsoft.Compute/disks/www-basvm_disk1_3738a022203c4e7b9c841f1235a00b44",
            "patch_assessment_mode": "ImageDefault",
            "patch_mode": "ImageDefault",
            "plan": [
              {
                "name": "9-lvm",
                "product": "rockylinux-x86_64",
                "publisher": "resf"
              }
            ],
            "platform_fault_domain": -1,
            "priority": "Regular",
            "private_ip_address": "10.0.0.4",
            "private_ip_addresses": [
              "10.0.0.4"
            ],
            "provision_vm_agent": true,
            "proximity_placement_group_id": "",
            "public_ip_address": "20.249.73.120",
            "public_ip_addresses": [
              "20.249.73.120"
            ],
            "reboot_setting": "",
            "resource_group_name": "04-T1-www",
            "secret": [],
            "secure_boot_enabled": false,
            "size": "Standard_B1s",
            "source_image_id": "",
            "source_image_reference": [
              {
                "offer": "rockylinux-x86_64",
                "publisher": "resf",
                "sku": "9-lvm",
                "version": "9.3.20231113"
              }
            ],
            "tags": null,
            "termination_notification": null,
            "timeouts": null,
            "user_data": "IyEgL2Jpbi9iYXNoDQoNCiMgc2V0ZW5mb3JjZSAwDQojIGdydWJieSAtLXVwZGF0ZS1rZXJuZWwgQUxMIC0tYXJncyBzZWxpbnV4PTANCiMgZWNobyAtZSAiLS0tLS1CRUdJTiBPUEVOU1NIIFBSSVZBVEUgS0VZLS0tLS0NCiMgYjNCbGJuTnphQzFyWlhrdGRqRUFBQUFBQkc1dmJtVUFBQUFFYm05dVpRQUFBQUFBQUFBQkFBQUFNd0FBQUF0emMyZ3RaVw0KIyBReU5UVXhPUUFBQUNEMERNK3FWNmRkU29VOUlWcjdZNFg1MWdzYjFSR3JrWWNPM1U0THA2THVEQUFBQUpqZTgvNjMzdlArDQojIHR3QUFBQXR6YzJndFpXUXlOVFV4T1FBQUFDRDBETStxVjZkZFNvVTlJVnI3WTRYNTFnc2IxUkdya1ljTzNVNExwNkx1REENCiMgQUFBRUFZNEhRWFQ2M1hhUnNxRndrSDNYUVlwZzdaVS9MNHBsNlEwOUxNVFFmYTdmUU16NnBYcDExS2hUMGhXdnRqaGZuVw0KIyBDeHZWRWF1Umh3N2RUZ3Vub3U0TUFBQUFFR2RuYW1jek0wQm5iV0ZwYkM1amIyMEJBZ01FQlE9PQ0KIyAtLS0tLUVORCBPUEVOU1NIIFBSSVZBVEUgS0VZLS0tLS0iID4gL2hvbWUvd3d3Ly5zc2gvaWRfZWQyNTUxOQ0KIyBjaG93biB3d3cud3d3IC9ob21lL3d3dy8uc3NoL2lkX2VkMjU1MTkNCiMgY2htb2QgNjAwIC9ob21lL3d3dy8uc3NoL2lkX2VkMjU1MTkNCg0Kc2V0ZW5mb3JjZSAwDQpzdWRvIGZpcmV3YWxsLWNtZCAtLXpvbmU9cHVibGljIC0tYWRkLXBvcnQ9MjIvdGNwIC0tcGVybWFuZW50DQpzdWRvIGZpcmV3YWxsLWNtZCAtLXJlbG9hZA0KDQpncnViYnkgLS11cGRhdGUta2VybmVsIEFMTCAtLWFyZ3Mgc2VsaW51eD0wDQplY2hvIC1lICItLS0tLUJFR0lOIFJTQSBQUklWQVRFIEtFWS0tLS0tXG4NCk1JSUc0d0lCQUFLQ0FZRUF1WWtWNkYwbnZ0QjhHSEJGRXpWOFVVZUFBZW5yS015aUgzQS9xYklrME9iK21uQWNcbg0KZ0JBdDRyd2NTbUE0c2xFZDMyTHFidjBLZ0pMMFNpVVJjbVBwRWVsRTc2VHZVWW1ualNkZk5VTWdIaEk2V2hCNlxuDQpvYmJOaGtBejdmTit4VW5hTXN0Y2l4ZzB0ZXlUelNmOTNtSU5icHQwcWhkeVV6S3lGaHJ3aWZoRU14ZWNqUjFYXG4NCmRuS0Z1T1RaWThoOFFpbiswZU9POGlQdWFkNVhNdERwZnZvd1Fnd1NjeEJsNEorY29nd3ZIYVo5UUpSeTdFNUFcbg0KRFR1NUFoalRqV1JFcmQ2Y3dSU1MzQnR1V0k1Y0dzNjMyc3ptS01PeUJxU3k4aDE1R282NGJXbU4xYWlsd2x1dVxuDQphZEErVnk3QU9QMU4xNjdUdmUyakNzaDVLOXY3QXQrbGtZc2FsMHdPSDAyY0Yxd3hCOHpzOHdzREJNT21yQ2JaXG4NCjg5L1lVK0syeWtZdzg3MFRGSjRYQ0RCVEN1MkorVGRURGlISURQWHVnTEVBRVBMSE5oRGlCM3VtWTBWY3ZSQ3Zcbg0KeExXWmdCUExidnhlTmZsVDRaZE1wK2pmSmVUVlI3RnBYRDNqY1czeHREQnV3VjNwQnpYdVpIWFpNeGQ4RnBKQlxuDQpJZEpJMGJnejhkS1JpNitEQWdNQkFBRUNnZ0dBY3UxcjJLZjd1c05DVzVFUCtMb2s2K1F5Y3YwSFlocUFRcUV4XG4NCmpsaC9YYmY0OW9tRDNnQW5yRStCNXNCNzNsbEkrOXMyQk5KUjh4c1VuK2tlU1pHQ0NrcEpIWGs1bFhTRGlYaGVcbg0KRFl3ckZQV05sOFNsY2c3ZWVNN0VYQjE4NVpDOXpNRVQ3a1ZzUVZUdXFTS2dxMlJwbFo1T1FoNkwvdVZrVXpVVVxuDQoweUlxZk11ZmVmbzI5M1F4U1RyWlBtb3VMbjM5RHQ2NjZWdEFqK3ZlYitmZyszclc4ZEt3aXY0WlhXOEJnNCt3XG4NCmo5bFZ0TzgvMFFrWHZCckdtM250Y2FRdXR0VXhqbHNaeEpuanNhN1Vwb25mYlJWRkxpaTgrbGJ5SnJsaXlNNHhcbg0KSUhyVExWRmZPOFJwR2lWUlRjSkhFU0xSaVZjZ2t2bjNPQXI4TGU5bmVpRnlYdU9SNHFPYkYwZTFTMENzYUpZSlxuDQozZ0F4SGRjREYvNzVsQ3p4UEl0bEFuY05ncTBuOUY5UFY0VUxRZWdwTUt1NlhtRTNxQ0ZNOThoV1F6RUtycVhqXG4NCjR5OHNwa0pTaUVMenh0aDltVGxsMnJjV3cvL2lNRVd5OGN3UjZacWJxKy8yUDdmaTJHY3k1R3BXS2phSjNaREpcbg0KOENmNGdhcUt4bUN4MHpncXNvN0d3bUphVXN0QkFvSEJBT05ObC9hRGZ0WlRkV2FxYWl4Yk5vUUl2TlJFNGsyeVxuDQpQdHdJZEJVQWFWUzYxZ3dlVUlXREV1bTg0eisrZW9MZ0hDUFJRRTNrUldJOXpKWC8vbVNHNk9uZzUzYXZCWTB6XG4NCjFRSEhYaUdHKzJBamU1NldoRXB3TnpOT1lPKzRyR3VnN0NWUTg4T2F2WS9rRWlydnR1d2laNHE5UE1aUTIrbENcbg0KREJvSkZQM0EzVDdrYnJsY09rNlo4TzhrSm1zVXAyUld6LzhEY2NaOFRmRmN1VHN0aXJFNG43S3VzWmZnd1lldFxuDQp4YjF2ek9WekNJLzhQZVFyeUl6NmpJNExrQ0psOGc3UHFRS0J3UURROVpGOHFjUm5QK0YvdGNpMHk5S3U5WThZXG4NClhsL0hZZWtJcWl5S3lKNUNmdVd6UFlNN2o5QzZMZWR5QWIyd0hXRVlWMzlOM2JGc1hlYTZnZjRZbjM2TDlrQllcbg0KQ1M2RmxHV000VDZ1Vnh4M0pVdWZwaXMzQjFHUGxrU1FQZlg2b3RVZmlOaGNDbFE3ZWN2L3NDVVdNZjB4VWxDb1xuDQpuQWtrbDVpSGRPRWloK2pkZEd4THFQdEtGeGNQK0tmS0NQTkRBQzhVbVFmb3EyMTZMQnZvSG5SemZSMFprUDVuXG4NCmNqNGllalZGdUtvTnhJaElydzNDdkh2djBFNnkybW5XZXVVNXNVc0NnY0VBaTROWHIyMjhUdzZBczVnTGZOZ3Jcbg0KV05VSUdYMkNMVkFuTnVSVlk0S1NJL2hkWXFqRW9YMzNBTkgzNVdzalJPc0xPb3kzM0Zjc293VHRhbS9xazRjZVxuDQp0RlpmbTBBSHQwaEdDRVozSnpyelZXblIrVi9IS08xQlpGTktPamp1VTAwOVJCWXcyREZGQW1scElVTnEwZnEzXG4NCjlMYjc4M2t6MFRMQnZNVXdSaU8zYUYvSytpaDZmVDROWEtxaWpmenFWVExYalYxdTJ2WDIzUnNkY2c0YzMzT3lcbg0KeVhoaDlxZDBBYlFOOTUwRWRSeXE5NzFKdTUrSUE4ZlF0MnF2ZC8xOG1jeXBBb0hBWU1wdk1yU2Nva3JuMURWTFxuDQpHOXdSNGpNaXJtSUFzYVY3d1NTNmJ5clFpL0tseWFuam9QSlQ5L21OYkxTN3ZkbE9BVzErTFg1VVVlTUpIamxhXG4NCmp1TktSZUN5RzFWZGRFaXg1VmpzcE9yNjU0R2lEdmgwcWcrOHl1c0xKVmxlR0ZQV3JyMi9vcHF5Tzc2R0xSRFZcbg0KalB0bzBiRFVaZFdwTW9iNkF6eXprRUF1TUc1ZVA0bXRwTHNmVnFtU1p6WlFJQ2YwcHZEZnhmbXFRMTR0S3c3NFxuDQpXQXFMTVMyRmVqdGo1cXAvQktXdU42UmlrSEJ0eWxkdWZUNGJSaU4veFBhMk9Vd1RBb0hBQjBucDZscU95aHAzXG4NCmw0Z3hyYWl0YkZpV3NycXhUL2ErdEJTeldqVy85MC9paDlaTnZJbzRKblhSczNxNVJsRUlCQ3lpUTZMekM3dUJcbg0KcUhHd2V1eUxmaWF6RlhWYjFCVjE0MHRGUlh2TmVMN2dicFFTdjdEU1V6cmltME9TWnR2cEsxRFk5TU5RbktRR1xuDQpNTVY1R1h4ZnpKSlBvcURROGhrVHN1akZxWTV2N2FVN04yTm1sZnhoc1AreENPbStDeGV6cnVLNmk0SVg3K3RuXG4NClNKYk1iQ1N4YUFLbTJ5SXY2K3VDTlZYb3ZJV1BYbld2QWpwZWlrWlR0QXYyQ0tnbXN0V3Bcbg0KLS0tLS1FTkQgT1BFTlNTSCBQUklWQVRFIEtFWS0tLS0tIiA+IC9ob21lL3d3dy8uc3NoL2lkX2VkMjU1MTkNCmNob3duIHd3dy53d3cgL2hvbWUvd3d3Ly5zc2gvaWRfZWQyNTUxOQ0KY2htb2QgNjAwIC9ob21lL3d3dy8uc3NoL2lkX2VkMjU1MTk=",
            "virtual_machine_id": "e687723e-a8ce-4e9d-be6c-afc290f0260e",
            "virtual_machine_scale_set_id": "",
            "vm_agent_platform_updates_enabled": false,
            "vtpm_enabled": false,
            "zone": ""
          },
          "sensitive_attributes": [
            [
              {
                "type": "get_attr",
                "value": "admin_password"
              }
            ],
            [
              {
                "type": "get_attr",
                "value": "custom_data"
              }
            ]
          ],
          "identity_schema_version": 0,
          "private": "eyJlMmJmYjczMC1lY2FhLTExZTYtOGY4OC0zNDM2M2JjN2M0YzAiOnsiY3JlYXRlIjoyNzAwMDAwMDAwMDAwLCJkZWxldGUiOjI3MDAwMDAwMDAwMDAsInJlYWQiOjMwMDAwMDAwMDAwMCwidXBkYXRlIjoyNzAwMDAwMDAwMDAwfX0=",
          "dependencies": [
            "azurerm_network_interface.www_bas_nic",
            "azurerm_public_ip.www_basip",
            "azurerm_resource_group.www_rg",
            "azurerm_subnet.www_bas",
            "azurerm_virtual_network.www_vnet0"
          ]
        }
      ]
    },
    {
      "mode": "managed",
      "type": "azurerm_linux_virtual_machine",
      "name": "www_dbvm",
      "provider": "provider[\"registry.terraform.io/hashicorp/azurerm\"]",
      "instances": [
        {
          "schema_version": 0,
          "attributes": {
            "additional_capabilities": [],
            "admin_password": null,
            "admin_ssh_key": [
              {
                "public_key": "ssh-ed25519 AAAAC3NzaC1lZDI1NTE5AAAAIPQMz6pXp11KhT0hWvtjhfnWCxvVEauRhw7dTgunou4M \r\n",
                "username": "www"
              }
            ],
            "admin_username": "www",
            "allow_extension_operations": true,
            "availability_set_id": "",
            "boot_diagnostics": [
              {
                "storage_account_uri": ""
              }
            ],
            "bypass_platform_safety_checks_on_user_schedule_enabled": false,
            "capacity_reservation_group_id": "",
            "computer_name": "www-dbvm",
            "custom_data": null,
            "dedicated_host_group_id": "",
            "dedicated_host_id": "",
            "disable_password_authentication": true,
            "disk_controller_type": "SCSI",
            "edge_zone": "",
            "encryption_at_host_enabled": false,
            "eviction_policy": "",
            "extensions_time_budget": "PT1H30M",
            "gallery_application": [],
            "id": "/subscriptions/99b79efe-ebd6-468c-b39f-5669acb259e1/resourceGroups/04-T1-www/providers/Microsoft.Compute/virtualMachines/www-dbvm",
            "identity": [
              {
                "identity_ids": [],
                "principal_id": "036990f4-51df-4edf-be5c-e10c9129342b",
                "tenant_id": "548e9ef4-b1d5-48fa-b220-59f52d6db511",
                "type": "SystemAssigned"
              }
            ],
            "license_type": "",
            "location": "koreacentral",
            "max_bid_price": -1,
            "name": "www-dbvm",
            "network_interface_ids": [
              "/subscriptions/99b79efe-ebd6-468c-b39f-5669acb259e1/resourceGroups/04-T1-www/providers/Microsoft.Network/networkInterfaces/www-db-nic"
            ],
            "os_disk": [
              {
                "caching": "ReadWrite",
                "diff_disk_settings": [],
                "disk_encryption_set_id": "",
                "disk_size_gb": 10,
                "id": "/subscriptions/99b79efe-ebd6-468c-b39f-5669acb259e1/resourceGroups/04-T1-www/providers/Microsoft.Compute/disks/www-dbvm_disk1_bf64e14e3baa4c71b1fcb0408ac5a6c3",
                "name": "www-dbvm_disk1_bf64e14e3baa4c71b1fcb0408ac5a6c3",
                "secure_vm_disk_encryption_set_id": "",
                "security_encryption_type": "",
                "storage_account_type": "Standard_LRS",
                "write_accelerator_enabled": false
              }
            ],
            "os_image_notification": [],
            "os_managed_disk_id": "/subscriptions/99b79efe-ebd6-468c-b39f-5669acb259e1/resourceGroups/04-T1-www/providers/Microsoft.Compute/disks/www-dbvm_disk1_bf64e14e3baa4c71b1fcb0408ac5a6c3",
            "patch_assessment_mode": "ImageDefault",
            "patch_mode": "ImageDefault",
            "plan": [
              {
                "name": "9-lvm",
                "product": "rockylinux-x86_64",
                "publisher": "resf"
              }
            ],
            "platform_fault_domain": -1,
            "priority": "Regular",
            "private_ip_address": "10.0.4.4",
            "private_ip_addresses": [
              "10.0.4.4"
            ],
            "provision_vm_agent": true,
            "proximity_placement_group_id": "",
            "public_ip_address": "",
            "public_ip_addresses": [],
            "reboot_setting": "",
            "resource_group_name": "04-T1-www",
            "secret": [],
            "secure_boot_enabled": false,
            "size": "Standard_B4as_v2",
            "source_image_id": "",
            "source_image_reference": [
              {
                "offer": "rockylinux-x86_64",
                "publisher": "resf",
                "sku": "9-lvm",
                "version": "9.3.20231113"
              }
            ],
            "tags": null,
            "termination_notification": null,
            "timeouts": null,
            "user_data": "IyEgL2Jpbi9iYXNoDQpzZXRlbmZvcmNlIDANCmdydWJieSAtLXVwZGF0ZS1rZXJuZWwgQUxMIC0tYXJncyBzZWxpbnV4PTANCmRuZiBpbnN0YWxsIC15IG15c3FsLXNlcnZlcg0Kc3lzdGVtY3RsIGVuYWJsZSAtLW5vdyBteXNxbGQNCm15c3FsIC11cm9vdCAtZSAiQ1JFQVRFIFVTRVIgJ3d3dydAJyUnIElERU5USUZJRUQgQlkgJ0l0MTIzNDUhJzsgR1JBTlQgQUxMIFBSSVZJTEVHRVMgT04gKi4qIFRPICd3d3cnQCclJzsgQ1JFQVRFIERBVEFCQVNFIHdvcmRwcmVzczsiDQoNCg==",
            "virtual_machine_id": "2ad25aac-2063-44ad-8df2-f5b2cb9da5f9",
            "virtual_machine_scale_set_id": "",
            "vm_agent_platform_updates_enabled": false,
            "vtpm_enabled": false,
            "zone": ""
          },
          "sensitive_attributes": [
            [
              {
                "type": "get_attr",
                "value": "admin_password"
              }
            ],
            [
              {
                "type": "get_attr",
                "value": "custom_data"
              }
            ]
          ],
          "identity_schema_version": 0,
          "private": "eyJlMmJmYjczMC1lY2FhLTExZTYtOGY4OC0zNDM2M2JjN2M0YzAiOnsiY3JlYXRlIjoyNzAwMDAwMDAwMDAwLCJkZWxldGUiOjI3MDAwMDAwMDAwMDAsInJlYWQiOjMwMDAwMDAwMDAwMCwidXBkYXRlIjoyNzAwMDAwMDAwMDAwfX0=",
          "dependencies": [
            "azurerm_network_interface.www_db_nic",
            "azurerm_resource_group.www_rg",
            "azurerm_subnet.www_db",
            "azurerm_virtual_network.www_vnet0"
          ]
        }
      ]
    },
    {
      "mode": "managed",
      "type": "azurerm_linux_virtual_machine",
      "name": "www_vnet1_web1vm",
      "provider": "provider[\"registry.terraform.io/hashicorp/azurerm\"]",
      "instances": [
        {
          "schema_version": 0,
          "attributes": {
            "additional_capabilities": [],
            "admin_password": null,
            "admin_ssh_key": [
              {
                "public_key": "ssh-ed25519 AAAAC3NzaC1lZDI1NTE5AAAAIPQMz6pXp11KhT0hWvtjhfnWCxvVEauRhw7dTgunou4M \r\n",
                "username": "www"
              }
            ],
            "admin_username": "www",
            "allow_extension_operations": true,
            "availability_set_id": "",
            "boot_diagnostics": [
              {
                "storage_account_uri": ""
              }
            ],
            "bypass_platform_safety_checks_on_user_schedule_enabled": false,
            "capacity_reservation_group_id": "",
            "computer_name": "www-vnet1-web1vm",
            "custom_data": null,
            "dedicated_host_group_id": "",
            "dedicated_host_id": "",
            "disable_password_authentication": true,
            "disk_controller_type": "SCSI",
            "edge_zone": "",
            "encryption_at_host_enabled": false,
            "eviction_policy": "",
            "extensions_time_budget": "PT1H30M",
            "gallery_application": [],
            "id": "/subscriptions/99b79efe-ebd6-468c-b39f-5669acb259e1/resourceGroups/04-T1-www/providers/Microsoft.Compute/virtualMachines/www-vnet1-web1vm",
            "identity": [
              {
                "identity_ids": [],
                "principal_id": "221a7f64-850a-43b6-a476-7e67de735e6f",
                "tenant_id": "548e9ef4-b1d5-48fa-b220-59f52d6db511",
                "type": "SystemAssigned"
              }
            ],
            "license_type": "",
            "location": "koreasouth",
            "max_bid_price": -1,
            "name": "www-vnet1-web1vm",
            "network_interface_ids": [
              "/subscriptions/99b79efe-ebd6-468c-b39f-5669acb259e1/resourceGroups/04-T1-www/providers/Microsoft.Network/networkInterfaces/wwwweb1-v1-nic"
            ],
            "os_disk": [
              {
                "caching": "ReadWrite",
                "diff_disk_settings": [],
                "disk_encryption_set_id": "",
                "disk_size_gb": 10,
                "id": "/subscriptions/99b79efe-ebd6-468c-b39f-5669acb259e1/resourceGroups/04-T1-www/providers/Microsoft.Compute/disks/www-vnet1-web1vm_disk1_54cabbf0eb76464d823ba061f3d3ffc9",
                "name": "www-vnet1-web1vm_disk1_54cabbf0eb76464d823ba061f3d3ffc9",
                "secure_vm_disk_encryption_set_id": "",
                "security_encryption_type": "",
                "storage_account_type": "Standard_LRS",
                "write_accelerator_enabled": false
              }
            ],
            "os_image_notification": [],
            "os_managed_disk_id": "/subscriptions/99b79efe-ebd6-468c-b39f-5669acb259e1/resourceGroups/04-T1-www/providers/Microsoft.Compute/disks/www-vnet1-web1vm_disk1_54cabbf0eb76464d823ba061f3d3ffc9",
            "patch_assessment_mode": "ImageDefault",
            "patch_mode": "ImageDefault",
            "plan": [
              {
                "name": "9-lvm",
                "product": "rockylinux-x86_64",
                "publisher": "resf"
              }
            ],
            "platform_fault_domain": -1,
            "priority": "Regular",
            "private_ip_address": "192.168.2.4",
            "private_ip_addresses": [
              "192.168.2.4"
            ],
            "provision_vm_agent": true,
            "proximity_placement_group_id": "",
            "public_ip_address": "",
            "public_ip_addresses": [],
            "reboot_setting": "",
            "resource_group_name": "04-T1-www",
            "secret": [],
            "secure_boot_enabled": false,
            "size": "Standard_B4as_v2",
            "source_image_id": "",
            "source_image_reference": [
              {
                "offer": "rockylinux-x86_64",
                "publisher": "resf",
                "sku": "9-lvm",
                "version": "9.3.20231113"
              }
            ],
            "tags": null,
            "termination_notification": null,
            "timeouts": null,
            "user_data": "IyEgL2Jpbi9iYXNoDQpzZXRlbmZvcmNlIDANCmdydWJieSAtLXVwZGF0ZS1rZXJuZWwgQUxMIC0tYXJncyBzZWxpbnV4PTANCmRuZiBpbnN0YWxsIC15IHdnZXQgaHR0cGQgcGhwIHBocC1nZCBwaHAtb3BjYWNoZSBwaHAtbXlzcWxuZA0Kd2dldCBodHRwczovL2tvLndvcmRwcmVzcy5vcmcvd29yZHByZXNzLTYuOC4zLWtvX0tSLnRhci5neg0KdGFyIHh2Znogd29yZHByZXNzLTYuOC4zLWtvX0tSLnRhci5neg0KY3AgLWFyIHdvcmRwcmVzcy8qIC92YXIvd3d3L2h0bWwNCnNlZCAtaSAncy9EaXJlY3RvcnlJbmRleCBpbmRleC5odG1sL0RpcmVjdG9yeUluZGV4IGluZGV4LnBocC9nJyAvZXRjL2h0dHBkL2NvbmYvaHR0cGQuY29uZg0KY3AgL3Zhci93d3cvaHRtbC93cC1jb25maWctc2FtcGxlLnBocCAvdmFyL3d3dy9odG1sL3dwLWNvbmZpZy5waHANCnNlZCAtaSAncy9kYXRhYmFzZV9uYW1lX2hlcmUvd29yZHByZXNzL2cnIC92YXIvd3d3L2h0bWwvd3AtY29uZmlnLnBocA0Kc2VkIC1pICdzL3VzZXJuYW1lX2hlcmUvaHliL2cnIC92YXIvd3d3L2h0bWwvd3AtY29uZmlnLnBocA0Kc2VkIC1pICdzL3Bhc3N3b3JkX2hlcmUvSXQxMjM0NSEvZycgL3Zhci93d3cvaHRtbC93cC1jb25maWcucGhwDQpzZWQgLWkgJ3MvbG9jYWxob3N0LzEwLjAuNS40L2cnIC92YXIvd3d3L2h0bWwvd3AtY29uZmlnLnBocA0KZWNobyAkSE9TVE5BTUUgPiAvdmFyL3d3dy9odG1sL2hlYWx0aC5odG1sDQpzeXN0ZW1jdGwgZW5hYmxlIC0tbm93IGh0dHBkDQoNCg0KU0VSVkVSX0hPU1ROQU1FPSQoaG9zdG5hbWUpDQoNCmNhdCA8PEVPRiA+IC92YXIvd3d3L2h0bWwvaW5kZXguaHRtbA0KPCFET0NUWVBFIGh0bWw+DQo8aHRtbCBsYW5nPSJrbyI+DQo8aGVhZD4NCiAgICA8bWV0YSBjaGFyc2V0PSJVVEYtOCI+DQogICAgPG1ldGEgbmFtZT0idmlld3BvcnQiIGNvbnRlbnQ9IndpZHRoPWRldmljZS13aWR0aCwgaW5pdGlhbC1zY2FsZT0xLjAiPg0KICAgIDx0aXRsZT5URUFNXzEg7ZmI7Y6Y7J207KeAPC90aXRsZT4NCiAgICA8c3R5bGU+DQogICAgICAgIC8qIOyghOyytCDquLDrs7gg7Iqk7YOA7J28ICovDQogICAgICAgIGJvZHkgew0KICAgICAgICAgICAgZm9udC1mYW1pbHk6IEFyaWFsLCBzYW5zLXNlcmlmOw0KICAgICAgICAgICAgbWFyZ2luOiAwOw0KICAgICAgICAgICAgcGFkZGluZzogMDsNCiAgICAgICAgICAgIGxpbmUtaGVpZ2h0OiAxLjY7DQogICAgICAgICAgICBjb2xvcjogIzIyMjsNCiAgICAgICAgICAgIC8qICoqW+uzgOqyveuQqF0qKiBib2R5IOuwsOqyveyDieydhCDtnbDsg4nsnLzroZwg6rOg7KCVIChDU1Psl5DshJwg7KeB7KCRIOyEpOyglSkgKi8NCiAgICAgICAgICAgIGJhY2tncm91bmQtY29sb3I6ICNmZmZmZmY7IA0KICAgICAgICB9DQoNCiAgICAgICAgLyog7IOB64uoIOyYgeyXrSAqLw0KICAgICAgICBoZWFkZXIgew0KICAgICAgICAgICAgLyogKipb67OA6rK965CoXSoqIOq4sOuzuCDrsLDqsr3sg4kg7ISk7KCVIChKU+yXkOyEnCDtmLjsiqTtirjrhKTsnoTsl5Ag65Sw6528IOuzgOqyveuQoCDsmIjsoJUpICovDQogICAgICAgICAgICBiYWNrZ3JvdW5kLWNvbG9yOiAjMDAwOyANCiAgICAgICAgICAgIGNvbG9yOiAjZmZmOw0KICAgICAgICAgICAgcGFkZGluZzogMjVweCAyMHB4Ow0KICAgICAgICAgICAgdGV4dC1hbGlnbjogY2VudGVyOw0KICAgICAgICAgICAgZm9udC1zaXplOiAyZW07DQogICAgICAgICAgICBmb250LXdlaWdodDogYm9sZDsNCiAgICAgICAgICAgIHBvc2l0aW9uOiByZWxhdGl2ZTsNCiAgICAgICAgfQ0KDQogICAgICAgIC8qIOyYpOuluOyqvSDsnIQg7Zi47Iqk7Yq464Sk7J6EIO2RnOyLnCAqLw0KICAgICAgICAjaG9zdG5hbWUtZGlzcGxheSB7DQogICAgICAgICAgICBwb3NpdGlvbjogYWJzb2x1dGU7DQogICAgICAgICAgICB0b3A6IDEwcHg7DQogICAgICAgICAgICByaWdodDogMjBweDsNCiAgICAgICAgICAgIGZvbnQtc2l6ZTogMC45ZW07DQogICAgICAgICAgICBjb2xvcjogI2ZmZjsNCiAgICAgICAgICAgIGJhY2tncm91bmQtY29sb3I6IHJnYmEoMCwwLDAsMC4zKTsNCiAgICAgICAgICAgIHBhZGRpbmc6IDRweCA4cHg7DQogICAgICAgICAgICBib3JkZXItcmFkaXVzOiA1cHg7DQogICAgICAgIH0NCg0KICAgICAgICAvKiDshLnshZgg6rO17Ya1IOyKpO2DgOydvCAqLw0KICAgICAgICBzZWN0aW9uIHsNCiAgICAgICAgICAgIHBhZGRpbmc6IDYwcHggMjBweDsNCiAgICAgICAgICAgIG1heC13aWR0aDogMTAwMHB4Ow0KICAgICAgICAgICAgbWFyZ2luOiBhdXRvOw0KICAgICAgICAgICAgY29sb3I6ICMyMjI7DQogICAgICAgICAgICAvKiAqKlvssLjqs6BdKiog7IS57IWYIOyekOyytOuKlCDtnbDsg4kg67Cw6rK97J2EIOycoOyngCAqLw0KICAgICAgICAgICAgYmFja2dyb3VuZC1jb2xvcjogI2ZmZmZmZjsgDQogICAgICAgIH0NCg0KICAgICAgICBzZWN0aW9uIGgyIHsNCiAgICAgICAgICAgIGJvcmRlci1ib3R0b206IDNweCBzb2xpZCAjNTU1Ow0KICAgICAgICAgICAgcGFkZGluZy1ib3R0b206IDEwcHg7DQogICAgICAgICAgICBtYXJnaW4tYm90dG9tOiAyNXB4Ow0KICAgICAgICAgICAgZm9udC1zaXplOiAxLjhlbTsNCiAgICAgICAgfQ0KDQogICAgICAgIC8qIOyCrOydtO2KuCDsl7DqsrAg66eB7YGsIOyKpO2DgOydvCAqLw0KICAgICAgICAubGlua3MgYSB7DQogICAgICAgICAgICBkaXNwbGF5OiBpbmxpbmUtYmxvY2s7DQogICAgICAgICAgICBtYXJnaW4tcmlnaHQ6IDE1cHg7DQogICAgICAgICAgICBtYXJnaW4tYm90dG9tOiAxMHB4Ow0KICAgICAgICAgICAgcGFkZGluZzogOHB4IDE1cHg7DQogICAgICAgICAgICBiYWNrZ3JvdW5kLWNvbG9yOiAjNDQ0Ow0KICAgICAgICAgICAgY29sb3I6ICNmZmY7DQogICAgICAgICAgICB0ZXh0LWRlY29yYXRpb246IG5vbmU7DQogICAgICAgICAgICBib3JkZXItcmFkaXVzOiA1cHg7DQogICAgICAgICAgICBmb250LXdlaWdodDogNTAwOw0KICAgICAgICAgICAgdHJhbnNpdGlvbjogMC4zczsNCiAgICAgICAgfQ0KDQogICAgICAgIC5saW5rcyBhOmhvdmVyIHsNCiAgICAgICAgICAgIGJhY2tncm91bmQtY29sb3I6ICMyMjI7DQogICAgICAgIH0NCg0KICAgICAgICAvKiDsnpDro4wg66as7Iqk7Yq4ICovDQogICAgICAgIC5yZXNvdXJjZXMgdWwgew0KICAgICAgICAgICAgbGlzdC1zdHlsZS10eXBlOiBzcXVhcmU7DQogICAgICAgICAgICBwYWRkaW5nLWxlZnQ6IDIwcHg7DQogICAgICAgIH0NCg0KICAgICAgICAucmVzb3VyY2VzIHVsIGxpIGEgew0KICAgICAgICAgICAgY29sb3I6ICMwMDA7DQogICAgICAgICAgICB0ZXh0LWRlY29yYXRpb246IG5vbmU7DQogICAgICAgICAgICB0cmFuc2l0aW9uOiAwLjNzOw0KICAgICAgICB9DQoNCiAgICAgICAgLnJlc291cmNlcyB1bCBsaSBhOmhvdmVyIHsNCiAgICAgICAgICAgIHRleHQtZGVjb3JhdGlvbjogdW5kZXJsaW5lOw0KICAgICAgICAgICAgY29sb3I6ICM1NTU7DQogICAgICAgIH0NCg0KICAgICAgICAvKiDrsJjsnZHtmJUgKi8NCiAgICAgICAgQG1lZGlhIChtYXgtd2lkdGg6IDYwMHB4KSB7DQogICAgICAgICAgICBoZWFkZXIgeyBmb250LXNpemU6IDEuNWVtOyBwYWRkaW5nOiAyMHB4IDEwcHg7IH0NCiAgICAgICAgICAgIHNlY3Rpb24geyBwYWRkaW5nOiA0MHB4IDE1cHg7IH0NCiAgICAgICAgICAgIC5saW5rcyBhIHsgcGFkZGluZzogNnB4IDEwcHg7IG1hcmdpbi1yaWdodDogMTBweDsgfQ0KICAgICAgICAgICAgI2hvc3RuYW1lLWRpc3BsYXkgeyBmb250LXNpemU6IDAuOGVtOyB0b3A6IDhweDsgcmlnaHQ6IDEwcHg7IH0NCiAgICAgICAgfQ0KICAgIDwvc3R5bGU+DQo8L2hlYWQ+DQo8Ym9keT4NCg0KICAgIDxoZWFkZXI+DQogICAgICAgIFRFQU1fMSBIT01FUEFHRQ0KICAgICAgICA8ZGl2IGlkPSJob3N0bmFtZS1kaXNwbGF5Ij48L2Rpdj4NCiAgICA8L2hlYWRlcj4NCg0KICAgIDxzZWN0aW9uIGlkPSJob21lIj4NCiAgICAgICAgPGgyPu2ZiDwvaDI+DQogICAgICAgIDxwPu2ZmOyYge2VqeuLiOuLpCEgVEVBTV8xIO2ZiO2OmOydtOyngOyXkCDsmKTsi6Ag6rKD7J2EIO2ZmOyYge2VqeuLiOuLpC48L3A+DQogICAgPC9zZWN0aW9uPg0KDQogICAgPHNlY3Rpb24gaWQ9ImxpbmtzIj4NCiAgICAgICAgPGgyPuyCrOydtO2KuCDsl7DqsrA8L2gyPg0KICAgICAgICA8ZGl2IGNsYXNzPSJsaW5rcyI+DQogICAgICAgICAgICA8YSBocmVmPSJodHRwczovL2dpdGh1Yi5jb20vZ2dqZzMzMDIwNC90ZWFtX3d3dyIgdGFyZ2V0PSJfYmxhbmsiIHRpdGxlPSJHaXRIdWIg7KCA7J6l7IaMIOyXtOq4sCI+R2l0SHViPC9hPg0KICAgICAgICAgICAgPGEgaHJlZj0iaHR0cHM6Ly9kb2NzLmdvb2dsZS5jb20vZG9jdW1lbnQvZC8xeVRObUlVTGVDc0Rrei1fSDFCSTlCVzNzWmJfakhEMmJodUtHYTc3c1FYRS9lZGl0P3VzcD1zaGFyaW5nIiB0YXJnZXQ9Il9ibGFuayIgdGl0bGU9Ikdvb2dsZSBEb2NzIOyXtOq4sCI+R29vZ2xlIERvY3M8L2E+DQogICAgICAgICAgICA8YSBocmVmPSJodHRwczovL2RvY3MuZ29vZ2xlLmNvbS9wcmVzZW50YXRpb24vZC8xUE9NMmZlT1I2dGI2b2xsQkFmWU1JdmdrSEF0d2VkOWlBT3FsenFJSGN3cy9lZGl0P3VzcD1zaGFyaW5nIiB0YXJnZXQ9Il9ibGFuayIgdGl0bGU9Ikdvb2dsZSBTbGlkZSDsl7TquLAiPkdvb2dsZSBTbGlkZTwvYT4NCiAgICAgICAgPC9kaXY+DQogICAgPC9zZWN0aW9uPg0KDQogICAgPHNlY3Rpb24gaWQ9InJlc291cmNlcyI+DQogICAgICAgIDxoMj7tj6ztirjtj7TrpqzsmKQ8L2gyPg0KICAgICAgICA8ZGl2IGNsYXNzPSJyZXNvdXJjZXMiPg0KICAgICAgICAgICAgPHVsPg0KICAgICAgICAgICAgICAgIDxsaT48YSBocmVmPSIjIiB0aXRsZT0i7J206riw7ZuIIOyekOujjCDri6TsmrTroZzrk5wiPuydtOq4sO2biDwvYT48L2xpPg0KICAgICAgICAgICAgICAgIDxsaT48YSBocmVmPSIjIiB0aXRsZT0i7J6Q66OMIDIg64uk7Jq066Gc65OcIj7snpDro4wgMjwvYT48L2xpPg0KICAgICAgICAgICAgICAgIDxsaT48YSBocmVmPSIjIiB0aXRsZT0i7J6Q66OMIDMg64uk7Jq066Gc65OcIj7snpDro4wgMzwvYT48L2xpPg0KICAgICAgICAgICAgPC91bD4NCiAgICAgICAgPC9kaXY+DQogICAgPC9zZWN0aW9uPg0KDQogICAgPHNjcmlwdD4NCiAgICAgICAgLy8gPT09PT09PT09PT09PT09PT09PT09PT09PT09PT09PT09PT09PT09PT09PT09DQogICAgICAgIC8vIDEuIO2FjOyKpO2KuOyaqSDtmLjsiqTtirjrhKTsnoQgKFBDIDHrjIDsl5DshJwg7YWM7Iqk7Yq47ZWgIOuVjCkNCiAgICAgICAgLy9jb25zdCBURVNUX0hPU1ROQU1FID0gInd3dy13ZWIiO8KgDQogICAgICAgIC8vY29uc3QgVEVTVF9IT1NUTkFNRSA9ICJ3d3ctdm1zczAwMDAwMSI7wqANCiAgICAgICAgLy9jb25zdCBURVNUX0hPU1ROQU1FID0gInd3dy12bXNzMDAwMDAzIjvCoA0KICAgICAgICAvLyBURVNUX0hPU1ROQU1FIOqwkuydhCDrsJTqv5TqsIDrqbAg7IOJ7IOBIO2ZleyduCDqsIDriqUgKOyYiDogJ3d3dy12bXNzMDAwMDAxJyAtPiDruajqsJUpDQogICAgICAgIC8vID09PT09PT09PT09PT09PT09PT09PT09PT09PT09PT09PT09PT09PT09PT09PQ0KDQogICAgICAgIC8vIDIuIOyLpOygnCDtjpjsnbTsp4Dsl5DshJzripQg7ISc67KE7JeQ7IScIO2YuOyKpO2KuOuEpOyehOydhCDso7zsnoUNCiAgICAgICAgY29uc3QgaG9zdG5hbWUgPSAnJHtTRVJWRVJfSE9TVE5BTUV9JzsgLy8g7Iuk7KCcIOyEnOuyhOyXkOyEnCDso7zsnoUg7IucIOyjvOyEnSDtlbTsoJwNCiAgICAgICAgLy8gY29uc3QgaG9zdG5hbWUgPSBURVNUX0hPU1ROQU1FOyAvLyDthYzsiqTtirgg7IucIOyjvOyEnSDtlbTsoJwNCg0KICAgICAgICAvLyDslYTrnpgg65287J24IO2VmOuCmOuhnCDthYzsiqTtirgv7Iuk7KCcIOyJveqyjCDsoITtmZgg6rCA64qlDQogICAgICAgIC8vY29uc3QgaG9zdG5hbWUgPSBURVNUX0hPU1ROQU1FOw0KDQogICAgICAgIC8vIOyYpOuluOyqvSDsnIQg7Zi47Iqk7Yq464Sk7J6EIO2RnOyLnA0KICAgICAgICBkb2N1bWVudC5nZXRFbGVtZW50QnlJZCgiaG9zdG5hbWUtZGlzcGxheSIpLnRleHRDb250ZW50ID0gaG9zdG5hbWU7DQoNCiAgICAgICAgLy8g66y07KeA6rCcIOyDieyDgSDrsLDsl7QNCiBjb25zdCByYWluYm93Q29sb3JzID0gWw0KwqAgwqAgwqAgwqAgIiNGRjk5OTkiLCAvLyAwOiDsl7DtlZwg67mo6rCVDQrCoCDCoCDCoCDCoCDCoCDCoCAiI0ZGQzk5OSIsIC8vIDE6IOyXsO2VnCDso7ztmakNCsKgIMKgIMKgIMKgIMKgIMKgICIjRkZGRjk5IiwgLy8gMjog7Jew7ZWcIOuFuOuekQ0KwqAgwqAgwqAgwqAgwqAgwqAgIiM5OUZGOTkiLCAvLyAzOiDsl7DtlZwg7LSI66GdDQrCoCDCoCDCoCDCoCDCoCDCoCAiIzk5OTlGRiIsIC8vIDQ6IOyXsO2VnCDtjIzrnpENCsKgIMKgIMKgIMKgIMKgIMKgICIjQTM5OUM4IiwgLy8gNTog7Jew7ZWcIOuCqOyDiQ0KwqAgwqAgwqAgwqAgwqAgwqAgIiNDODk5RkYiwqAgLy8gNjog7Jew7ZWcIOuztOudvA0KwqAgwqAgwqAgwqAgXTsNCg0KwqAgwqAgwqAgwqAgbGV0IHNlbGVjdGVkQ29sb3IgPSAiIzAwMDAwMCI7IC8vIOq4sOuzuCDqsoDsoJXsg4kNCiAgICAgICAgbGV0IGluc3RhbmNlTnVtYmVyID0gbnVsbDsgLy8g7J247Iqk7YS07IqkIOuyiO2YuOulvCDsoIDsnqXtlaAg67OA7IiYDQoNCiAgICAgICAgLy8gMS4gd3d3LSDsoJHrkZDsgqzsl5Ag6rSA6rOE7JeG7J20IFvsoJHrkZDsgqxdLXZtc3NbNuyekOumrCDsiKvsnpBdIO2MqO2EtCDsspjrpqwNCiAgICAgICAgaWYgKC8tdm1zc1xkezZ9JC8udGVzdChob3N0bmFtZSkpIHsNCiAgICAgICAgICAgIC8vIO2YuOyKpO2KuOuEpOyehCDrgZ0gNuyekOumrCDsiKvsnpDrpbwg7LaU7LacDQogICAgICAgICAgICBjb25zdCBtYXRjaCA9IGhvc3RuYW1lLm1hdGNoKC9cZHs2fSQvKTsNCiAgICAgICAgICAgIGlmIChtYXRjaCkgew0KICAgICAgICAgICAgICAgIC8vIDbsnpDrpqwg7Iir7J6Q66W8IOygleyImOuhnCDrs4DtmZggKOyYiDogMDAwMDAxIC0+IDEpDQogICAgICAgICAgICAgICAgaW5zdGFuY2VOdW1iZXIgPSBwYXJzZUludChtYXRjaFswXSwgMTApOw0KICAgICAgICAgICAgfQ0KICAgICAgICB9IA0KICAgICAgICANCiAgICAgICAgLy8gMi4gd3d3LSDsoJHrkZDsgqzsl5Ag6rSA6rOE7JeG7J20IFvsoJHrkZDsgqxdLXdlYlvsiKvsnpBddm0g7Yyo7YS0IOyymOumrA0KICAgICAgICBlbHNlIGlmICgvLXdlYlxkK3ZtJC8udGVzdChob3N0bmFtZSkpIHsNCiAgICAgICAgICAgIC8vIHdlYuqzvCB2bSDsgqzsnbTsl5Ag7J6I64qUIOyIq+yekOulvCDstpTstpwNCiAgICAgICAgICAgIGNvbnN0IG1hdGNoID0gaG9zdG5hbWUubWF0Y2goL3dlYihcZCspdm0kLyk7DQogICAgICAgICAgICBpZiAobWF0Y2ggJiYgbWF0Y2hbMV0pIHsNCiAgICAgICAgICAgICAgICAvLyDsiKvsnpDrpbwg7KCV7IiY66GcIOuzgO2ZmCAo7JiIOiB3ZWIxdm0gLT4gMSkNCiAgICAgICAgICAgICAgICBpbnN0YW5jZU51bWJlciA9IHBhcnNlSW50KG1hdGNoWzFdLCAxMCk7DQogICAgICAgICAgICB9DQogICAgICAgIH0NCiAgICAgICAgDQogICAgICAgIC8vIOyduOyKpO2EtOyKpCDrsojtmLjqsIAg7Jyg7Zqo7ZWgIOqyveyasCDsg4nsg4Eg7ZWg64u5DQogICAgICAgIGlmIChpbnN0YW5jZU51bWJlciAhPT0gbnVsbCAmJiBpbnN0YW5jZU51bWJlciA+IDApIHsNCiAgICAgICAgICAgIC8vIOyIq+yekOulvCDrsLDsl7Qg6ri47J2066GcIOuCmOuIiCDrgpjrqLjsp4DroZwg7J24642x7IqkIOqysOyglSAo7Iic7ZmYKQ0KICAgICAgICAgICAgLy8g7J24642x7Iqk64qUIDDrtoDthLAg7Iuc7J6R7ZWY66+A66GcLCAx67KIIOyduOyKpO2EtOyKpOuKlCAw67KIIOyduOuNseyKpOyXkCDrp6TtlZHrkJjrj4TroZ0gLTHsnYQg7IKs7JqpDQogICAgICAgICAgICBjb25zdCBjb2xvckluZGV4ID0gKGluc3RhbmNlTnVtYmVyIC0gMSkgJSByYWluYm93Q29sb3JzLmxlbmd0aDsNCiAgICAgICAgICAgIHNlbGVjdGVkQ29sb3IgPSByYWluYm93Q29sb3JzW2NvbG9ySW5kZXhdOw0KICAgICAgICB9DQoNCsKgIMKgIMKgIMKgIC8vICoqW+uzgOqyveuQqF0qKiBib2R56rCAIOyVhOuLjCBoZWFkZXIg67Cw6rK97IOJIOyggeyaqQ0KwqAgwqAgwqAgwqAgZG9jdW1lbnQucXVlcnlTZWxlY3RvcignaGVhZGVyJykuc3R5bGUuYmFja2dyb3VuZENvbG9yID0gc2VsZWN0ZWRDb2xvcjsgICAgPC9zY3JpcHQ+DQoNCjwvYm9keT4NCjwvaHRtbD4NCkVPRg==",
            "virtual_machine_id": "9a7cd33a-0f07-4490-81c3-1fa270fdb5d7",
            "virtual_machine_scale_set_id": "",
            "vm_agent_platform_updates_enabled": false,
            "vtpm_enabled": false,
            "zone": ""
          },
          "sensitive_attributes": [
            [
              {
                "type": "get_attr",
                "value": "admin_password"
              }
            ],
            [
              {
                "type": "get_attr",
                "value": "custom_data"
              }
            ]
          ],
          "identity_schema_version": 0,
          "private": "eyJlMmJmYjczMC1lY2FhLTExZTYtOGY4OC0zNDM2M2JjN2M0YzAiOnsiY3JlYXRlIjoyNzAwMDAwMDAwMDAwLCJkZWxldGUiOjI3MDAwMDAwMDAwMDAsInJlYWQiOjMwMDAwMDAwMDAwMCwidXBkYXRlIjoyNzAwMDAwMDAwMDAwfX0=",
          "dependencies": [
            "azurerm_network_interface.www_web1_v1_nic",
            "azurerm_resource_group.www_rg",
            "azurerm_subnet.www_web1_v1",
            "azurerm_virtual_network.www_vnet1"
          ]
        }
      ]
    },
    {
      "mode": "managed",
      "type": "azurerm_linux_virtual_machine",
      "name": "www_web1vm",
      "provider": "provider[\"registry.terraform.io/hashicorp/azurerm\"]",
      "instances": [
        {
          "schema_version": 0,
          "attributes": {
            "additional_capabilities": [],
            "admin_password": null,
            "admin_ssh_key": [
              {
                "public_key": "ssh-ed25519 AAAAC3NzaC1lZDI1NTE5AAAAIPQMz6pXp11KhT0hWvtjhfnWCxvVEauRhw7dTgunou4M \r\n",
                "username": "www"
              }
            ],
            "admin_username": "www",
            "allow_extension_operations": true,
            "availability_set_id": "",
            "boot_diagnostics": [
              {
                "storage_account_uri": ""
              }
            ],
            "bypass_platform_safety_checks_on_user_schedule_enabled": false,
            "capacity_reservation_group_id": "",
            "computer_name": "www-web1vm",
            "custom_data": null,
            "dedicated_host_group_id": "",
            "dedicated_host_id": "",
            "disable_password_authentication": true,
            "disk_controller_type": "SCSI",
            "edge_zone": "",
            "encryption_at_host_enabled": false,
            "eviction_policy": "",
            "extensions_time_budget": "PT1H30M",
            "gallery_application": [],
            "id": "/subscriptions/99b79efe-ebd6-468c-b39f-5669acb259e1/resourceGroups/04-T1-www/providers/Microsoft.Compute/virtualMachines/www-web1vm",
            "identity": [
              {
                "identity_ids": [],
                "principal_id": "e3ec6fa8-a4da-4c82-8208-d6415aaed041",
                "tenant_id": "548e9ef4-b1d5-48fa-b220-59f52d6db511",
                "type": "SystemAssigned"
              }
            ],
            "license_type": "",
            "location": "koreacentral",
            "max_bid_price": -1,
            "name": "www-web1vm",
            "network_interface_ids": [
              "/subscriptions/99b79efe-ebd6-468c-b39f-5669acb259e1/resourceGroups/04-T1-www/providers/Microsoft.Network/networkInterfaces/www-web1-nic"
            ],
            "os_disk": [
              {
                "caching": "ReadWrite",
                "diff_disk_settings": [],
                "disk_encryption_set_id": "",
                "disk_size_gb": 10,
                "id": "/subscriptions/99b79efe-ebd6-468c-b39f-5669acb259e1/resourceGroups/04-T1-www/providers/Microsoft.Compute/disks/www-web1vm_disk1_f68af8917eb24739ba0eba48c10ba715",
                "name": "www-web1vm_disk1_f68af8917eb24739ba0eba48c10ba715",
                "secure_vm_disk_encryption_set_id": "",
                "security_encryption_type": "",
                "storage_account_type": "Standard_LRS",
                "write_accelerator_enabled": false
              }
            ],
            "os_image_notification": [],
            "os_managed_disk_id": "/subscriptions/99b79efe-ebd6-468c-b39f-5669acb259e1/resourceGroups/04-T1-www/providers/Microsoft.Compute/disks/www-web1vm_disk1_f68af8917eb24739ba0eba48c10ba715",
            "patch_assessment_mode": "ImageDefault",
            "patch_mode": "ImageDefault",
            "plan": [
              {
                "name": "9-lvm",
                "product": "rockylinux-x86_64",
                "publisher": "resf"
              }
            ],
            "platform_fault_domain": -1,
            "priority": "Regular",
            "private_ip_address": "10.0.2.4",
            "private_ip_addresses": [
              "10.0.2.4"
            ],
            "provision_vm_agent": true,
            "proximity_placement_group_id": "",
            "public_ip_address": "",
            "public_ip_addresses": [],
            "reboot_setting": "",
            "resource_group_name": "04-T1-www",
            "secret": [],
            "secure_boot_enabled": false,
            "size": "Standard_B1s",
            "source_image_id": "",
            "source_image_reference": [
              {
                "offer": "rockylinux-x86_64",
                "publisher": "resf",
                "sku": "9-lvm",
                "version": "9.3.20231113"
              }
            ],
            "tags": null,
            "termination_notification": null,
            "timeouts": null,
            "user_data": "IyEgL2Jpbi9iYXNoDQpzZXRlbmZvcmNlIDANCmdydWJieSAtLXVwZGF0ZS1rZXJuZWwgQUxMIC0tYXJncyBzZWxpbnV4PTANCmRuZiBpbnN0YWxsIC15IHdnZXQgaHR0cGQgcGhwIHBocC1nZCBwaHAtb3BjYWNoZSBwaHAtbXlzcWxuZA0Kd2dldCBodHRwczovL2tvLndvcmRwcmVzcy5vcmcvd29yZHByZXNzLTYuOC4zLWtvX0tSLnRhci5neg0KdGFyIHh2Znogd29yZHByZXNzLTYuOC4zLWtvX0tSLnRhci5neg0KY3AgLWFyIHdvcmRwcmVzcy8qIC92YXIvd3d3L2h0bWwNCnNlZCAtaSAncy9EaXJlY3RvcnlJbmRleCBpbmRleC5odG1sL0RpcmVjdG9yeUluZGV4IGluZGV4LnBocC9nJyAvZXRjL2h0dHBkL2NvbmYvaHR0cGQuY29uZg0KY3AgL3Zhci93d3cvaHRtbC93cC1jb25maWctc2FtcGxlLnBocCAvdmFyL3d3dy9odG1sL3dwLWNvbmZpZy5waHANCnNlZCAtaSAncy9kYXRhYmFzZV9uYW1lX2hlcmUvd29yZHByZXNzL2cnIC92YXIvd3d3L2h0bWwvd3AtY29uZmlnLnBocA0Kc2VkIC1pICdzL3VzZXJuYW1lX2hlcmUvaHliL2cnIC92YXIvd3d3L2h0bWwvd3AtY29uZmlnLnBocA0Kc2VkIC1pICdzL3Bhc3N3b3JkX2hlcmUvSXQxMjM0NSEvZycgL3Zhci93d3cvaHRtbC93cC1jb25maWcucGhwDQpzZWQgLWkgJ3MvbG9jYWxob3N0LzEwLjAuNS40L2cnIC92YXIvd3d3L2h0bWwvd3AtY29uZmlnLnBocA0KZWNobyAkSE9TVE5BTUUgPiAvdmFyL3d3dy9odG1sL2hlYWx0aC5odG1sDQpzeXN0ZW1jdGwgZW5hYmxlIC0tbm93IGh0dHBkDQoNCg0KU0VSVkVSX0hPU1ROQU1FPSQoaG9zdG5hbWUpDQoNCmNhdCA8PEVPRiA+IC92YXIvd3d3L2h0bWwvaW5kZXguaHRtbA0KPCFET0NUWVBFIGh0bWw+DQo8aHRtbCBsYW5nPSJrbyI+DQo8aGVhZD4NCiAgICA8bWV0YSBjaGFyc2V0PSJVVEYtOCI+DQogICAgPG1ldGEgbmFtZT0idmlld3BvcnQiIGNvbnRlbnQ9IndpZHRoPWRldmljZS13aWR0aCwgaW5pdGlhbC1zY2FsZT0xLjAiPg0KICAgIDx0aXRsZT5URUFNXzEg7ZmI7Y6Y7J207KeAPC90aXRsZT4NCiAgICA8c3R5bGU+DQogICAgICAgIC8qIOyghOyytCDquLDrs7gg7Iqk7YOA7J28ICovDQogICAgICAgIGJvZHkgew0KICAgICAgICAgICAgZm9udC1mYW1pbHk6IEFyaWFsLCBzYW5zLXNlcmlmOw0KICAgICAgICAgICAgbWFyZ2luOiAwOw0KICAgICAgICAgICAgcGFkZGluZzogMDsNCiAgICAgICAgICAgIGxpbmUtaGVpZ2h0OiAxLjY7DQogICAgICAgICAgICBjb2xvcjogIzIyMjsNCiAgICAgICAgICAgIC8qICoqW+uzgOqyveuQqF0qKiBib2R5IOuwsOqyveyDieydhCDtnbDsg4nsnLzroZwg6rOg7KCVIChDU1Psl5DshJwg7KeB7KCRIOyEpOyglSkgKi8NCiAgICAgICAgICAgIGJhY2tncm91bmQtY29sb3I6ICNmZmZmZmY7IA0KICAgICAgICB9DQoNCiAgICAgICAgLyog7IOB64uoIOyYgeyXrSAqLw0KICAgICAgICBoZWFkZXIgew0KICAgICAgICAgICAgLyogKipb67OA6rK965CoXSoqIOq4sOuzuCDrsLDqsr3sg4kg7ISk7KCVIChKU+yXkOyEnCDtmLjsiqTtirjrhKTsnoTsl5Ag65Sw6528IOuzgOqyveuQoCDsmIjsoJUpICovDQogICAgICAgICAgICBiYWNrZ3JvdW5kLWNvbG9yOiAjMDAwOyANCiAgICAgICAgICAgIGNvbG9yOiAjZmZmOw0KICAgICAgICAgICAgcGFkZGluZzogMjVweCAyMHB4Ow0KICAgICAgICAgICAgdGV4dC1hbGlnbjogY2VudGVyOw0KICAgICAgICAgICAgZm9udC1zaXplOiAyZW07DQogICAgICAgICAgICBmb250LXdlaWdodDogYm9sZDsNCiAgICAgICAgICAgIHBvc2l0aW9uOiByZWxhdGl2ZTsNCiAgICAgICAgfQ0KDQogICAgICAgIC8qIOyYpOuluOyqvSDsnIQg7Zi47Iqk7Yq464Sk7J6EIO2RnOyLnCAqLw0KICAgICAgICAjaG9zdG5hbWUtZGlzcGxheSB7DQogICAgICAgICAgICBwb3NpdGlvbjogYWJzb2x1dGU7DQogICAgICAgICAgICB0b3A6IDEwcHg7DQogICAgICAgICAgICByaWdodDogMjBweDsNCiAgICAgICAgICAgIGZvbnQtc2l6ZTogMC45ZW07DQogICAgICAgICAgICBjb2xvcjogI2ZmZjsNCiAgICAgICAgICAgIGJhY2tncm91bmQtY29sb3I6IHJnYmEoMCwwLDAsMC4zKTsNCiAgICAgICAgICAgIHBhZGRpbmc6IDRweCA4cHg7DQogICAgICAgICAgICBib3JkZXItcmFkaXVzOiA1cHg7DQogICAgICAgIH0NCg0KICAgICAgICAvKiDshLnshZgg6rO17Ya1IOyKpO2DgOydvCAqLw0KICAgICAgICBzZWN0aW9uIHsNCiAgICAgICAgICAgIHBhZGRpbmc6IDYwcHggMjBweDsNCiAgICAgICAgICAgIG1heC13aWR0aDogMTAwMHB4Ow0KICAgICAgICAgICAgbWFyZ2luOiBhdXRvOw0KICAgICAgICAgICAgY29sb3I6ICMyMjI7DQogICAgICAgICAgICAvKiAqKlvssLjqs6BdKiog7IS57IWYIOyekOyytOuKlCDtnbDsg4kg67Cw6rK97J2EIOycoOyngCAqLw0KICAgICAgICAgICAgYmFja2dyb3VuZC1jb2xvcjogI2ZmZmZmZjsgDQogICAgICAgIH0NCg0KICAgICAgICBzZWN0aW9uIGgyIHsNCiAgICAgICAgICAgIGJvcmRlci1ib3R0b206IDNweCBzb2xpZCAjNTU1Ow0KICAgICAgICAgICAgcGFkZGluZy1ib3R0b206IDEwcHg7DQogICAgICAgICAgICBtYXJnaW4tYm90dG9tOiAyNXB4Ow0KICAgICAgICAgICAgZm9udC1zaXplOiAxLjhlbTsNCiAgICAgICAgfQ0KDQogICAgICAgIC8qIOyCrOydtO2KuCDsl7DqsrAg66eB7YGsIOyKpO2DgOydvCAqLw0KICAgICAgICAubGlua3MgYSB7DQogICAgICAgICAgICBkaXNwbGF5OiBpbmxpbmUtYmxvY2s7DQogICAgICAgICAgICBtYXJnaW4tcmlnaHQ6IDE1cHg7DQogICAgICAgICAgICBtYXJnaW4tYm90dG9tOiAxMHB4Ow0KICAgICAgICAgICAgcGFkZGluZzogOHB4IDE1cHg7DQogICAgICAgICAgICBiYWNrZ3JvdW5kLWNvbG9yOiAjNDQ0Ow0KICAgICAgICAgICAgY29sb3I6ICNmZmY7DQogICAgICAgICAgICB0ZXh0LWRlY29yYXRpb246IG5vbmU7DQogICAgICAgICAgICBib3JkZXItcmFkaXVzOiA1cHg7DQogICAgICAgICAgICBmb250LXdlaWdodDogNTAwOw0KICAgICAgICAgICAgdHJhbnNpdGlvbjogMC4zczsNCiAgICAgICAgfQ0KDQogICAgICAgIC5saW5rcyBhOmhvdmVyIHsNCiAgICAgICAgICAgIGJhY2tncm91bmQtY29sb3I6ICMyMjI7DQogICAgICAgIH0NCg0KICAgICAgICAvKiDsnpDro4wg66as7Iqk7Yq4ICovDQogICAgICAgIC5yZXNvdXJjZXMgdWwgew0KICAgICAgICAgICAgbGlzdC1zdHlsZS10eXBlOiBzcXVhcmU7DQogICAgICAgICAgICBwYWRkaW5nLWxlZnQ6IDIwcHg7DQogICAgICAgIH0NCg0KICAgICAgICAucmVzb3VyY2VzIHVsIGxpIGEgew0KICAgICAgICAgICAgY29sb3I6ICMwMDA7DQogICAgICAgICAgICB0ZXh0LWRlY29yYXRpb246IG5vbmU7DQogICAgICAgICAgICB0cmFuc2l0aW9uOiAwLjNzOw0KICAgICAgICB9DQoNCiAgICAgICAgLnJlc291cmNlcyB1bCBsaSBhOmhvdmVyIHsNCiAgICAgICAgICAgIHRleHQtZGVjb3JhdGlvbjogdW5kZXJsaW5lOw0KICAgICAgICAgICAgY29sb3I6ICM1NTU7DQogICAgICAgIH0NCg0KICAgICAgICAvKiDrsJjsnZHtmJUgKi8NCiAgICAgICAgQG1lZGlhIChtYXgtd2lkdGg6IDYwMHB4KSB7DQogICAgICAgICAgICBoZWFkZXIgeyBmb250LXNpemU6IDEuNWVtOyBwYWRkaW5nOiAyMHB4IDEwcHg7IH0NCiAgICAgICAgICAgIHNlY3Rpb24geyBwYWRkaW5nOiA0MHB4IDE1cHg7IH0NCiAgICAgICAgICAgIC5saW5rcyBhIHsgcGFkZGluZzogNnB4IDEwcHg7IG1hcmdpbi1yaWdodDogMTBweDsgfQ0KICAgICAgICAgICAgI2hvc3RuYW1lLWRpc3BsYXkgeyBmb250LXNpemU6IDAuOGVtOyB0b3A6IDhweDsgcmlnaHQ6IDEwcHg7IH0NCiAgICAgICAgfQ0KICAgIDwvc3R5bGU+DQo8L2hlYWQ+DQo8Ym9keT4NCg0KICAgIDxoZWFkZXI+DQogICAgICAgIFRFQU1fMSBIT01FUEFHRQ0KICAgICAgICA8ZGl2IGlkPSJob3N0bmFtZS1kaXNwbGF5Ij48L2Rpdj4NCiAgICA8L2hlYWRlcj4NCg0KICAgIDxzZWN0aW9uIGlkPSJob21lIj4NCiAgICAgICAgPGgyPu2ZiDwvaDI+DQogICAgICAgIDxwPu2ZmOyYge2VqeuLiOuLpCEgVEVBTV8xIO2ZiO2OmOydtOyngOyXkCDsmKTsi6Ag6rKD7J2EIO2ZmOyYge2VqeuLiOuLpC48L3A+DQogICAgPC9zZWN0aW9uPg0KDQogICAgPHNlY3Rpb24gaWQ9ImxpbmtzIj4NCiAgICAgICAgPGgyPuyCrOydtO2KuCDsl7DqsrA8L2gyPg0KICAgICAgICA8ZGl2IGNsYXNzPSJsaW5rcyI+DQogICAgICAgICAgICA8YSBocmVmPSJodHRwczovL2dpdGh1Yi5jb20vZ2dqZzMzMDIwNC90ZWFtX3d3dyIgdGFyZ2V0PSJfYmxhbmsiIHRpdGxlPSJHaXRIdWIg7KCA7J6l7IaMIOyXtOq4sCI+R2l0SHViPC9hPg0KICAgICAgICAgICAgPGEgaHJlZj0iaHR0cHM6Ly9kb2NzLmdvb2dsZS5jb20vZG9jdW1lbnQvZC8xeVRObUlVTGVDc0Rrei1fSDFCSTlCVzNzWmJfakhEMmJodUtHYTc3c1FYRS9lZGl0P3VzcD1zaGFyaW5nIiB0YXJnZXQ9Il9ibGFuayIgdGl0bGU9Ikdvb2dsZSBEb2NzIOyXtOq4sCI+R29vZ2xlIERvY3M8L2E+DQogICAgICAgICAgICA8YSBocmVmPSJodHRwczovL2RvY3MuZ29vZ2xlLmNvbS9wcmVzZW50YXRpb24vZC8xUE9NMmZlT1I2dGI2b2xsQkFmWU1JdmdrSEF0d2VkOWlBT3FsenFJSGN3cy9lZGl0P3VzcD1zaGFyaW5nIiB0YXJnZXQ9Il9ibGFuayIgdGl0bGU9Ikdvb2dsZSBTbGlkZSDsl7TquLAiPkdvb2dsZSBTbGlkZTwvYT4NCiAgICAgICAgPC9kaXY+DQogICAgPC9zZWN0aW9uPg0KDQogICAgPHNlY3Rpb24gaWQ9InJlc291cmNlcyI+DQogICAgICAgIDxoMj7tj6ztirjtj7TrpqzsmKQ8L2gyPg0KICAgICAgICA8ZGl2IGNsYXNzPSJyZXNvdXJjZXMiPg0KICAgICAgICAgICAgPHVsPg0KICAgICAgICAgICAgICAgIDxsaT48YSBocmVmPSIjIiB0aXRsZT0i7J206riw7ZuIIOyekOujjCDri6TsmrTroZzrk5wiPuydtOq4sO2biDwvYT48L2xpPg0KICAgICAgICAgICAgICAgIDxsaT48YSBocmVmPSIjIiB0aXRsZT0i7J6Q66OMIDIg64uk7Jq066Gc65OcIj7snpDro4wgMjwvYT48L2xpPg0KICAgICAgICAgICAgICAgIDxsaT48YSBocmVmPSIjIiB0aXRsZT0i7J6Q66OMIDMg64uk7Jq066Gc65OcIj7snpDro4wgMzwvYT48L2xpPg0KICAgICAgICAgICAgPC91bD4NCiAgICAgICAgPC9kaXY+DQogICAgPC9zZWN0aW9uPg0KDQogICAgPHNjcmlwdD4NCiAgICAgICAgLy8gPT09PT09PT09PT09PT09PT09PT09PT09PT09PT09PT09PT09PT09PT09PT09DQogICAgICAgIC8vIDEuIO2FjOyKpO2KuOyaqSDtmLjsiqTtirjrhKTsnoQgKFBDIDHrjIDsl5DshJwg7YWM7Iqk7Yq47ZWgIOuVjCkNCiAgICAgICAgLy9jb25zdCBURVNUX0hPU1ROQU1FID0gInd3dy13ZWIiO8KgDQogICAgICAgIC8vY29uc3QgVEVTVF9IT1NUTkFNRSA9ICJ3d3ctdm1zczAwMDAwMSI7wqANCiAgICAgICAgLy9jb25zdCBURVNUX0hPU1ROQU1FID0gInd3dy12bXNzMDAwMDAzIjvCoA0KICAgICAgICAvLyBURVNUX0hPU1ROQU1FIOqwkuydhCDrsJTqv5TqsIDrqbAg7IOJ7IOBIO2ZleyduCDqsIDriqUgKOyYiDogJ3d3dy12bXNzMDAwMDAxJyAtPiDruajqsJUpDQogICAgICAgIC8vID09PT09PT09PT09PT09PT09PT09PT09PT09PT09PT09PT09PT09PT09PT09PQ0KDQogICAgICAgIC8vIDIuIOyLpOygnCDtjpjsnbTsp4Dsl5DshJzripQg7ISc67KE7JeQ7IScIO2YuOyKpO2KuOuEpOyehOydhCDso7zsnoUNCiAgICAgICAgY29uc3QgaG9zdG5hbWUgPSAnJHtTRVJWRVJfSE9TVE5BTUV9JzsgLy8g7Iuk7KCcIOyEnOuyhOyXkOyEnCDso7zsnoUg7IucIOyjvOyEnSDtlbTsoJwNCiAgICAgICAgLy8gY29uc3QgaG9zdG5hbWUgPSBURVNUX0hPU1ROQU1FOyAvLyDthYzsiqTtirgg7IucIOyjvOyEnSDtlbTsoJwNCg0KICAgICAgICAvLyDslYTrnpgg65287J24IO2VmOuCmOuhnCDthYzsiqTtirgv7Iuk7KCcIOyJveqyjCDsoITtmZgg6rCA64qlDQogICAgICAgIC8vY29uc3QgaG9zdG5hbWUgPSBURVNUX0hPU1ROQU1FOw0KDQogICAgICAgIC8vIOyYpOuluOyqvSDsnIQg7Zi47Iqk7Yq464Sk7J6EIO2RnOyLnA0KICAgICAgICBkb2N1bWVudC5nZXRFbGVtZW50QnlJZCgiaG9zdG5hbWUtZGlzcGxheSIpLnRleHRDb250ZW50ID0gaG9zdG5hbWU7DQoNCiAgICAgICAgLy8g66y07KeA6rCcIOyDieyDgSDrsLDsl7QNCiBjb25zdCByYWluYm93Q29sb3JzID0gWw0KwqAgwqAgwqAgwqAgIiNGRjk5OTkiLCAvLyAwOiDsl7DtlZwg67mo6rCVDQrCoCDCoCDCoCDCoCDCoCDCoCAiI0ZGQzk5OSIsIC8vIDE6IOyXsO2VnCDso7ztmakNCsKgIMKgIMKgIMKgIMKgIMKgICIjRkZGRjk5IiwgLy8gMjog7Jew7ZWcIOuFuOuekQ0KwqAgwqAgwqAgwqAgwqAgwqAgIiM5OUZGOTkiLCAvLyAzOiDsl7DtlZwg7LSI66GdDQrCoCDCoCDCoCDCoCDCoCDCoCAiIzk5OTlGRiIsIC8vIDQ6IOyXsO2VnCDtjIzrnpENCsKgIMKgIMKgIMKgIMKgIMKgICIjQTM5OUM4IiwgLy8gNTog7Jew7ZWcIOuCqOyDiQ0KwqAgwqAgwqAgwqAgwqAgwqAgIiNDODk5RkYiwqAgLy8gNjog7Jew7ZWcIOuztOudvA0KwqAgwqAgwqAgwqAgXTsNCg0KwqAgwqAgwqAgwqAgbGV0IHNlbGVjdGVkQ29sb3IgPSAiIzAwMDAwMCI7IC8vIOq4sOuzuCDqsoDsoJXsg4kNCiAgICAgICAgbGV0IGluc3RhbmNlTnVtYmVyID0gbnVsbDsgLy8g7J247Iqk7YS07IqkIOuyiO2YuOulvCDsoIDsnqXtlaAg67OA7IiYDQoNCiAgICAgICAgLy8gMS4gd3d3LSDsoJHrkZDsgqzsl5Ag6rSA6rOE7JeG7J20IFvsoJHrkZDsgqxdLXZtc3NbNuyekOumrCDsiKvsnpBdIO2MqO2EtCDsspjrpqwNCiAgICAgICAgaWYgKC8tdm1zc1xkezZ9JC8udGVzdChob3N0bmFtZSkpIHsNCiAgICAgICAgICAgIC8vIO2YuOyKpO2KuOuEpOyehCDrgZ0gNuyekOumrCDsiKvsnpDrpbwg7LaU7LacDQogICAgICAgICAgICBjb25zdCBtYXRjaCA9IGhvc3RuYW1lLm1hdGNoKC9cZHs2fSQvKTsNCiAgICAgICAgICAgIGlmIChtYXRjaCkgew0KICAgICAgICAgICAgICAgIC8vIDbsnpDrpqwg7Iir7J6Q66W8IOygleyImOuhnCDrs4DtmZggKOyYiDogMDAwMDAxIC0+IDEpDQogICAgICAgICAgICAgICAgaW5zdGFuY2VOdW1iZXIgPSBwYXJzZUludChtYXRjaFswXSwgMTApOw0KICAgICAgICAgICAgfQ0KICAgICAgICB9IA0KICAgICAgICANCiAgICAgICAgLy8gMi4gd3d3LSDsoJHrkZDsgqzsl5Ag6rSA6rOE7JeG7J20IFvsoJHrkZDsgqxdLXdlYlvsiKvsnpBddm0g7Yyo7YS0IOyymOumrA0KICAgICAgICBlbHNlIGlmICgvLXdlYlxkK3ZtJC8udGVzdChob3N0bmFtZSkpIHsNCiAgICAgICAgICAgIC8vIHdlYuqzvCB2bSDsgqzsnbTsl5Ag7J6I64qUIOyIq+yekOulvCDstpTstpwNCiAgICAgICAgICAgIGNvbnN0IG1hdGNoID0gaG9zdG5hbWUubWF0Y2goL3dlYihcZCspdm0kLyk7DQogICAgICAgICAgICBpZiAobWF0Y2ggJiYgbWF0Y2hbMV0pIHsNCiAgICAgICAgICAgICAgICAvLyDsiKvsnpDrpbwg7KCV7IiY66GcIOuzgO2ZmCAo7JiIOiB3ZWIxdm0gLT4gMSkNCiAgICAgICAgICAgICAgICBpbnN0YW5jZU51bWJlciA9IHBhcnNlSW50KG1hdGNoWzFdLCAxMCk7DQogICAgICAgICAgICB9DQogICAgICAgIH0NCiAgICAgICAgDQogICAgICAgIC8vIOyduOyKpO2EtOyKpCDrsojtmLjqsIAg7Jyg7Zqo7ZWgIOqyveyasCDsg4nsg4Eg7ZWg64u5DQogICAgICAgIGlmIChpbnN0YW5jZU51bWJlciAhPT0gbnVsbCAmJiBpbnN0YW5jZU51bWJlciA+IDApIHsNCiAgICAgICAgICAgIC8vIOyIq+yekOulvCDrsLDsl7Qg6ri47J2066GcIOuCmOuIiCDrgpjrqLjsp4DroZwg7J24642x7IqkIOqysOyglSAo7Iic7ZmYKQ0KICAgICAgICAgICAgLy8g7J24642x7Iqk64qUIDDrtoDthLAg7Iuc7J6R7ZWY66+A66GcLCAx67KIIOyduOyKpO2EtOyKpOuKlCAw67KIIOyduOuNseyKpOyXkCDrp6TtlZHrkJjrj4TroZ0gLTHsnYQg7IKs7JqpDQogICAgICAgICAgICBjb25zdCBjb2xvckluZGV4ID0gKGluc3RhbmNlTnVtYmVyIC0gMSkgJSByYWluYm93Q29sb3JzLmxlbmd0aDsNCiAgICAgICAgICAgIHNlbGVjdGVkQ29sb3IgPSByYWluYm93Q29sb3JzW2NvbG9ySW5kZXhdOw0KICAgICAgICB9DQoNCsKgIMKgIMKgIMKgIC8vICoqW+uzgOqyveuQqF0qKiBib2R56rCAIOyVhOuLjCBoZWFkZXIg67Cw6rK97IOJIOyggeyaqQ0KwqAgwqAgwqAgwqAgZG9jdW1lbnQucXVlcnlTZWxlY3RvcignaGVhZGVyJykuc3R5bGUuYmFja2dyb3VuZENvbG9yID0gc2VsZWN0ZWRDb2xvcjsgICAgPC9zY3JpcHQ+DQoNCjwvYm9keT4NCjwvaHRtbD4NCkVPRg==",
            "virtual_machine_id": "3059114e-39eb-421a-896e-7f53de13a8b9",
            "virtual_machine_scale_set_id": "",
            "vm_agent_platform_updates_enabled": false,
            "vtpm_enabled": false,
            "zone": ""
          },
          "sensitive_attributes": [
            [
              {
                "type": "get_attr",
                "value": "admin_password"
              }
            ],
            [
              {
                "type": "get_attr",
                "value": "custom_data"
              }
            ]
          ],
          "identity_schema_version": 0,
          "private": "eyJlMmJmYjczMC1lY2FhLTExZTYtOGY4OC0zNDM2M2JjN2M0YzAiOnsiY3JlYXRlIjoyNzAwMDAwMDAwMDAwLCJkZWxldGUiOjI3MDAwMDAwMDAwMDAsInJlYWQiOjMwMDAwMDAwMDAwMCwidXBkYXRlIjoyNzAwMDAwMDAwMDAwfX0=",
          "dependencies": [
            "azurerm_network_interface.www_web1_nic",
            "azurerm_resource_group.www_rg",
            "azurerm_subnet.www_web1",
            "azurerm_virtual_network.www_vnet0"
          ]
        }
      ]
    },
    {
      "mode": "managed",
      "type": "azurerm_linux_virtual_machine",
      "name": "www_web2vm",
      "provider": "provider[\"registry.terraform.io/hashicorp/azurerm\"]",
      "instances": [
        {
          "schema_version": 0,
          "attributes": {
            "additional_capabilities": [],
            "admin_password": null,
            "admin_ssh_key": [
              {
                "public_key": "ssh-ed25519 AAAAC3NzaC1lZDI1NTE5AAAAIPQMz6pXp11KhT0hWvtjhfnWCxvVEauRhw7dTgunou4M \r\n",
                "username": "www"
              }
            ],
            "admin_username": "www",
            "allow_extension_operations": true,
            "availability_set_id": "",
            "boot_diagnostics": [
              {
                "storage_account_uri": ""
              }
            ],
            "bypass_platform_safety_checks_on_user_schedule_enabled": false,
            "capacity_reservation_group_id": "",
            "computer_name": "www-web2vm",
            "custom_data": null,
            "dedicated_host_group_id": "",
            "dedicated_host_id": "",
            "disable_password_authentication": true,
            "disk_controller_type": "SCSI",
            "edge_zone": "",
            "encryption_at_host_enabled": false,
            "eviction_policy": "",
            "extensions_time_budget": "PT1H30M",
            "gallery_application": [],
            "id": "/subscriptions/99b79efe-ebd6-468c-b39f-5669acb259e1/resourceGroups/04-T1-www/providers/Microsoft.Compute/virtualMachines/www-web2vm",
            "identity": [
              {
                "identity_ids": [],
                "principal_id": "ef8a2bfa-4f12-45ba-b6c3-26758d778a96",
                "tenant_id": "548e9ef4-b1d5-48fa-b220-59f52d6db511",
                "type": "SystemAssigned"
              }
            ],
            "license_type": "",
            "location": "koreacentral",
            "max_bid_price": -1,
            "name": "www-web2vm",
            "network_interface_ids": [
              "/subscriptions/99b79efe-ebd6-468c-b39f-5669acb259e1/resourceGroups/04-T1-www/providers/Microsoft.Network/networkInterfaces/www-web2-nic"
            ],
            "os_disk": [
              {
                "caching": "ReadWrite",
                "diff_disk_settings": [],
                "disk_encryption_set_id": "",
                "disk_size_gb": 10,
                "id": "/subscriptions/99b79efe-ebd6-468c-b39f-5669acb259e1/resourceGroups/04-T1-www/providers/Microsoft.Compute/disks/www-web2vm_disk1_35799de5926c4d20ad91ce631ff796e4",
                "name": "www-web2vm_disk1_35799de5926c4d20ad91ce631ff796e4",
                "secure_vm_disk_encryption_set_id": "",
                "security_encryption_type": "",
                "storage_account_type": "Standard_LRS",
                "write_accelerator_enabled": false
              }
            ],
            "os_image_notification": [],
            "os_managed_disk_id": "/subscriptions/99b79efe-ebd6-468c-b39f-5669acb259e1/resourceGroups/04-T1-www/providers/Microsoft.Compute/disks/www-web2vm_disk1_35799de5926c4d20ad91ce631ff796e4",
            "patch_assessment_mode": "ImageDefault",
            "patch_mode": "ImageDefault",
            "plan": [
              {
                "name": "9-lvm",
                "product": "rockylinux-x86_64",
                "publisher": "resf"
              }
            ],
            "platform_fault_domain": -1,
            "priority": "Regular",
            "private_ip_address": "10.0.3.4",
            "private_ip_addresses": [
              "10.0.3.4"
            ],
            "provision_vm_agent": true,
            "proximity_placement_group_id": "",
            "public_ip_address": "",
            "public_ip_addresses": [],
            "reboot_setting": "",
            "resource_group_name": "04-T1-www",
            "secret": [],
            "secure_boot_enabled": false,
            "size": "Standard_B4as_v2",
            "source_image_id": "",
            "source_image_reference": [
              {
                "offer": "rockylinux-x86_64",
                "publisher": "resf",
                "sku": "9-lvm",
                "version": "9.3.20231113"
              }
            ],
            "tags": null,
            "termination_notification": null,
            "timeouts": null,
            "user_data": "IyEgL2Jpbi9iYXNoDQpzZXRlbmZvcmNlIDANCmdydWJieSAtLXVwZGF0ZS1rZXJuZWwgQUxMIC0tYXJncyBzZWxpbnV4PTANCmRuZiBpbnN0YWxsIC15IHdnZXQgaHR0cGQgcGhwIHBocC1nZCBwaHAtb3BjYWNoZSBwaHAtbXlzcWxuZA0Kd2dldCBodHRwczovL2tvLndvcmRwcmVzcy5vcmcvd29yZHByZXNzLTYuOC4zLWtvX0tSLnRhci5neg0KdGFyIHh2Znogd29yZHByZXNzLTYuOC4zLWtvX0tSLnRhci5neg0KY3AgLWFyIHdvcmRwcmVzcy8qIC92YXIvd3d3L2h0bWwNCnNlZCAtaSAncy9EaXJlY3RvcnlJbmRleCBpbmRleC5odG1sL0RpcmVjdG9yeUluZGV4IGluZGV4LnBocC9nJyAvZXRjL2h0dHBkL2NvbmYvaHR0cGQuY29uZg0KY3AgL3Zhci93d3cvaHRtbC93cC1jb25maWctc2FtcGxlLnBocCAvdmFyL3d3dy9odG1sL3dwLWNvbmZpZy5waHANCnNlZCAtaSAncy9kYXRhYmFzZV9uYW1lX2hlcmUvd29yZHByZXNzL2cnIC92YXIvd3d3L2h0bWwvd3AtY29uZmlnLnBocA0Kc2VkIC1pICdzL3VzZXJuYW1lX2hlcmUvaHliL2cnIC92YXIvd3d3L2h0bWwvd3AtY29uZmlnLnBocA0Kc2VkIC1pICdzL3Bhc3N3b3JkX2hlcmUvSXQxMjM0NSEvZycgL3Zhci93d3cvaHRtbC93cC1jb25maWcucGhwDQpzZWQgLWkgJ3MvbG9jYWxob3N0LzEwLjAuNS40L2cnIC92YXIvd3d3L2h0bWwvd3AtY29uZmlnLnBocA0KZWNobyAkSE9TVE5BTUUgPiAvdmFyL3d3dy9odG1sL2hlYWx0aC5odG1sDQpzeXN0ZW1jdGwgZW5hYmxlIC0tbm93IGh0dHBkDQoNCg0KU0VSVkVSX0hPU1ROQU1FPSQoaG9zdG5hbWUpDQoNCmNhdCA8PEVPRiA+IC92YXIvd3d3L2h0bWwvaW5kZXguaHRtbA0KPCFET0NUWVBFIGh0bWw+DQo8aHRtbCBsYW5nPSJrbyI+DQo8aGVhZD4NCiAgICA8bWV0YSBjaGFyc2V0PSJVVEYtOCI+DQogICAgPG1ldGEgbmFtZT0idmlld3BvcnQiIGNvbnRlbnQ9IndpZHRoPWRldmljZS13aWR0aCwgaW5pdGlhbC1zY2FsZT0xLjAiPg0KICAgIDx0aXRsZT5URUFNXzEg7ZmI7Y6Y7J207KeAPC90aXRsZT4NCiAgICA8c3R5bGU+DQogICAgICAgIC8qIOyghOyytCDquLDrs7gg7Iqk7YOA7J28ICovDQogICAgICAgIGJvZHkgew0KICAgICAgICAgICAgZm9udC1mYW1pbHk6IEFyaWFsLCBzYW5zLXNlcmlmOw0KICAgICAgICAgICAgbWFyZ2luOiAwOw0KICAgICAgICAgICAgcGFkZGluZzogMDsNCiAgICAgICAgICAgIGxpbmUtaGVpZ2h0OiAxLjY7DQogICAgICAgICAgICBjb2xvcjogIzIyMjsNCiAgICAgICAgICAgIC8qICoqW+uzgOqyveuQqF0qKiBib2R5IOuwsOqyveyDieydhCDtnbDsg4nsnLzroZwg6rOg7KCVIChDU1Psl5DshJwg7KeB7KCRIOyEpOyglSkgKi8NCiAgICAgICAgICAgIGJhY2tncm91bmQtY29sb3I6ICNmZmZmZmY7IA0KICAgICAgICB9DQoNCiAgICAgICAgLyog7IOB64uoIOyYgeyXrSAqLw0KICAgICAgICBoZWFkZXIgew0KICAgICAgICAgICAgLyogKipb67OA6rK965CoXSoqIOq4sOuzuCDrsLDqsr3sg4kg7ISk7KCVIChKU+yXkOyEnCDtmLjsiqTtirjrhKTsnoTsl5Ag65Sw6528IOuzgOqyveuQoCDsmIjsoJUpICovDQogICAgICAgICAgICBiYWNrZ3JvdW5kLWNvbG9yOiAjMDAwOyANCiAgICAgICAgICAgIGNvbG9yOiAjZmZmOw0KICAgICAgICAgICAgcGFkZGluZzogMjVweCAyMHB4Ow0KICAgICAgICAgICAgdGV4dC1hbGlnbjogY2VudGVyOw0KICAgICAgICAgICAgZm9udC1zaXplOiAyZW07DQogICAgICAgICAgICBmb250LXdlaWdodDogYm9sZDsNCiAgICAgICAgICAgIHBvc2l0aW9uOiByZWxhdGl2ZTsNCiAgICAgICAgfQ0KDQogICAgICAgIC8qIOyYpOuluOyqvSDsnIQg7Zi47Iqk7Yq464Sk7J6EIO2RnOyLnCAqLw0KICAgICAgICAjaG9zdG5hbWUtZGlzcGxheSB7DQogICAgICAgICAgICBwb3NpdGlvbjogYWJzb2x1dGU7DQogICAgICAgICAgICB0b3A6IDEwcHg7DQogICAgICAgICAgICByaWdodDogMjBweDsNCiAgICAgICAgICAgIGZvbnQtc2l6ZTogMC45ZW07DQogICAgICAgICAgICBjb2xvcjogI2ZmZjsNCiAgICAgICAgICAgIGJhY2tncm91bmQtY29sb3I6IHJnYmEoMCwwLDAsMC4zKTsNCiAgICAgICAgICAgIHBhZGRpbmc6IDRweCA4cHg7DQogICAgICAgICAgICBib3JkZXItcmFkaXVzOiA1cHg7DQogICAgICAgIH0NCg0KICAgICAgICAvKiDshLnshZgg6rO17Ya1IOyKpO2DgOydvCAqLw0KICAgICAgICBzZWN0aW9uIHsNCiAgICAgICAgICAgIHBhZGRpbmc6IDYwcHggMjBweDsNCiAgICAgICAgICAgIG1heC13aWR0aDogMTAwMHB4Ow0KICAgICAgICAgICAgbWFyZ2luOiBhdXRvOw0KICAgICAgICAgICAgY29sb3I6ICMyMjI7DQogICAgICAgICAgICAvKiAqKlvssLjqs6BdKiog7IS57IWYIOyekOyytOuKlCDtnbDsg4kg67Cw6rK97J2EIOycoOyngCAqLw0KICAgICAgICAgICAgYmFja2dyb3VuZC1jb2xvcjogI2ZmZmZmZjsgDQogICAgICAgIH0NCg0KICAgICAgICBzZWN0aW9uIGgyIHsNCiAgICAgICAgICAgIGJvcmRlci1ib3R0b206IDNweCBzb2xpZCAjNTU1Ow0KICAgICAgICAgICAgcGFkZGluZy1ib3R0b206IDEwcHg7DQogICAgICAgICAgICBtYXJnaW4tYm90dG9tOiAyNXB4Ow0KICAgICAgICAgICAgZm9udC1zaXplOiAxLjhlbTsNCiAgICAgICAgfQ0KDQogICAgICAgIC8qIOyCrOydtO2KuCDsl7DqsrAg66eB7YGsIOyKpO2DgOydvCAqLw0KICAgICAgICAubGlua3MgYSB7DQogICAgICAgICAgICBkaXNwbGF5OiBpbmxpbmUtYmxvY2s7DQogICAgICAgICAgICBtYXJnaW4tcmlnaHQ6IDE1cHg7DQogICAgICAgICAgICBtYXJnaW4tYm90dG9tOiAxMHB4Ow0KICAgICAgICAgICAgcGFkZGluZzogOHB4IDE1cHg7DQogICAgICAgICAgICBiYWNrZ3JvdW5kLWNvbG9yOiAjNDQ0Ow0KICAgICAgICAgICAgY29sb3I6ICNmZmY7DQogICAgICAgICAgICB0ZXh0LWRlY29yYXRpb246IG5vbmU7DQogICAgICAgICAgICBib3JkZXItcmFkaXVzOiA1cHg7DQogICAgICAgICAgICBmb250LXdlaWdodDogNTAwOw0KICAgICAgICAgICAgdHJhbnNpdGlvbjogMC4zczsNCiAgICAgICAgfQ0KDQogICAgICAgIC5saW5rcyBhOmhvdmVyIHsNCiAgICAgICAgICAgIGJhY2tncm91bmQtY29sb3I6ICMyMjI7DQogICAgICAgIH0NCg0KICAgICAgICAvKiDsnpDro4wg66as7Iqk7Yq4ICovDQogICAgICAgIC5yZXNvdXJjZXMgdWwgew0KICAgICAgICAgICAgbGlzdC1zdHlsZS10eXBlOiBzcXVhcmU7DQogICAgICAgICAgICBwYWRkaW5nLWxlZnQ6IDIwcHg7DQogICAgICAgIH0NCg0KICAgICAgICAucmVzb3VyY2VzIHVsIGxpIGEgew0KICAgICAgICAgICAgY29sb3I6ICMwMDA7DQogICAgICAgICAgICB0ZXh0LWRlY29yYXRpb246IG5vbmU7DQogICAgICAgICAgICB0cmFuc2l0aW9uOiAwLjNzOw0KICAgICAgICB9DQoNCiAgICAgICAgLnJlc291cmNlcyB1bCBsaSBhOmhvdmVyIHsNCiAgICAgICAgICAgIHRleHQtZGVjb3JhdGlvbjogdW5kZXJsaW5lOw0KICAgICAgICAgICAgY29sb3I6ICM1NTU7DQogICAgICAgIH0NCg0KICAgICAgICAvKiDrsJjsnZHtmJUgKi8NCiAgICAgICAgQG1lZGlhIChtYXgtd2lkdGg6IDYwMHB4KSB7DQogICAgICAgICAgICBoZWFkZXIgeyBmb250LXNpemU6IDEuNWVtOyBwYWRkaW5nOiAyMHB4IDEwcHg7IH0NCiAgICAgICAgICAgIHNlY3Rpb24geyBwYWRkaW5nOiA0MHB4IDE1cHg7IH0NCiAgICAgICAgICAgIC5saW5rcyBhIHsgcGFkZGluZzogNnB4IDEwcHg7IG1hcmdpbi1yaWdodDogMTBweDsgfQ0KICAgICAgICAgICAgI2hvc3RuYW1lLWRpc3BsYXkgeyBmb250LXNpemU6IDAuOGVtOyB0b3A6IDhweDsgcmlnaHQ6IDEwcHg7IH0NCiAgICAgICAgfQ0KICAgIDwvc3R5bGU+DQo8L2hlYWQ+DQo8Ym9keT4NCg0KICAgIDxoZWFkZXI+DQogICAgICAgIFRFQU1fMSBIT01FUEFHRQ0KICAgICAgICA8ZGl2IGlkPSJob3N0bmFtZS1kaXNwbGF5Ij48L2Rpdj4NCiAgICA8L2hlYWRlcj4NCg0KICAgIDxzZWN0aW9uIGlkPSJob21lIj4NCiAgICAgICAgPGgyPu2ZiDwvaDI+DQogICAgICAgIDxwPu2ZmOyYge2VqeuLiOuLpCEgVEVBTV8xIO2ZiO2OmOydtOyngOyXkCDsmKTsi6Ag6rKD7J2EIO2ZmOyYge2VqeuLiOuLpC48L3A+DQogICAgPC9zZWN0aW9uPg0KDQogICAgPHNlY3Rpb24gaWQ9ImxpbmtzIj4NCiAgICAgICAgPGgyPuyCrOydtO2KuCDsl7DqsrA8L2gyPg0KICAgICAgICA8ZGl2IGNsYXNzPSJsaW5rcyI+DQogICAgICAgICAgICA8YSBocmVmPSJodHRwczovL2dpdGh1Yi5jb20vZ2dqZzMzMDIwNC90ZWFtX3d3dyIgdGFyZ2V0PSJfYmxhbmsiIHRpdGxlPSJHaXRIdWIg7KCA7J6l7IaMIOyXtOq4sCI+R2l0SHViPC9hPg0KICAgICAgICAgICAgPGEgaHJlZj0iaHR0cHM6Ly9kb2NzLmdvb2dsZS5jb20vZG9jdW1lbnQvZC8xeVRObUlVTGVDc0Rrei1fSDFCSTlCVzNzWmJfakhEMmJodUtHYTc3c1FYRS9lZGl0P3VzcD1zaGFyaW5nIiB0YXJnZXQ9Il9ibGFuayIgdGl0bGU9Ikdvb2dsZSBEb2NzIOyXtOq4sCI+R29vZ2xlIERvY3M8L2E+DQogICAgICAgICAgICA8YSBocmVmPSJodHRwczovL2RvY3MuZ29vZ2xlLmNvbS9wcmVzZW50YXRpb24vZC8xUE9NMmZlT1I2dGI2b2xsQkFmWU1JdmdrSEF0d2VkOWlBT3FsenFJSGN3cy9lZGl0P3VzcD1zaGFyaW5nIiB0YXJnZXQ9Il9ibGFuayIgdGl0bGU9Ikdvb2dsZSBTbGlkZSDsl7TquLAiPkdvb2dsZSBTbGlkZTwvYT4NCiAgICAgICAgPC9kaXY+DQogICAgPC9zZWN0aW9uPg0KDQogICAgPHNlY3Rpb24gaWQ9InJlc291cmNlcyI+DQogICAgICAgIDxoMj7tj6ztirjtj7TrpqzsmKQ8L2gyPg0KICAgICAgICA8ZGl2IGNsYXNzPSJyZXNvdXJjZXMiPg0KICAgICAgICAgICAgPHVsPg0KICAgICAgICAgICAgICAgIDxsaT48YSBocmVmPSIjIiB0aXRsZT0i7J206riw7ZuIIOyekOujjCDri6TsmrTroZzrk5wiPuydtOq4sO2biDwvYT48L2xpPg0KICAgICAgICAgICAgICAgIDxsaT48YSBocmVmPSIjIiB0aXRsZT0i7J6Q66OMIDIg64uk7Jq066Gc65OcIj7snpDro4wgMjwvYT48L2xpPg0KICAgICAgICAgICAgICAgIDxsaT48YSBocmVmPSIjIiB0aXRsZT0i7J6Q66OMIDMg64uk7Jq066Gc65OcIj7snpDro4wgMzwvYT48L2xpPg0KICAgICAgICAgICAgPC91bD4NCiAgICAgICAgPC9kaXY+DQogICAgPC9zZWN0aW9uPg0KDQogICAgPHNjcmlwdD4NCiAgICAgICAgLy8gPT09PT09PT09PT09PT09PT09PT09PT09PT09PT09PT09PT09PT09PT09PT09DQogICAgICAgIC8vIDEuIO2FjOyKpO2KuOyaqSDtmLjsiqTtirjrhKTsnoQgKFBDIDHrjIDsl5DshJwg7YWM7Iqk7Yq47ZWgIOuVjCkNCiAgICAgICAgLy9jb25zdCBURVNUX0hPU1ROQU1FID0gInd3dy13ZWIiO8KgDQogICAgICAgIC8vY29uc3QgVEVTVF9IT1NUTkFNRSA9ICJ3d3ctdm1zczAwMDAwMSI7wqANCiAgICAgICAgLy9jb25zdCBURVNUX0hPU1ROQU1FID0gInd3dy12bXNzMDAwMDAzIjvCoA0KICAgICAgICAvLyBURVNUX0hPU1ROQU1FIOqwkuydhCDrsJTqv5TqsIDrqbAg7IOJ7IOBIO2ZleyduCDqsIDriqUgKOyYiDogJ3d3dy12bXNzMDAwMDAxJyAtPiDruajqsJUpDQogICAgICAgIC8vID09PT09PT09PT09PT09PT09PT09PT09PT09PT09PT09PT09PT09PT09PT09PQ0KDQogICAgICAgIC8vIDIuIOyLpOygnCDtjpjsnbTsp4Dsl5DshJzripQg7ISc67KE7JeQ7IScIO2YuOyKpO2KuOuEpOyehOydhCDso7zsnoUNCiAgICAgICAgY29uc3QgaG9zdG5hbWUgPSAnJHtTRVJWRVJfSE9TVE5BTUV9JzsgLy8g7Iuk7KCcIOyEnOuyhOyXkOyEnCDso7zsnoUg7IucIOyjvOyEnSDtlbTsoJwNCiAgICAgICAgLy8gY29uc3QgaG9zdG5hbWUgPSBURVNUX0hPU1ROQU1FOyAvLyDthYzsiqTtirgg7IucIOyjvOyEnSDtlbTsoJwNCg0KICAgICAgICAvLyDslYTrnpgg65287J24IO2VmOuCmOuhnCDthYzsiqTtirgv7Iuk7KCcIOyJveqyjCDsoITtmZgg6rCA64qlDQogICAgICAgIC8vY29uc3QgaG9zdG5hbWUgPSBURVNUX0hPU1ROQU1FOw0KDQogICAgICAgIC8vIOyYpOuluOyqvSDsnIQg7Zi47Iqk7Yq464Sk7J6EIO2RnOyLnA0KICAgICAgICBkb2N1bWVudC5nZXRFbGVtZW50QnlJZCgiaG9zdG5hbWUtZGlzcGxheSIpLnRleHRDb250ZW50ID0gaG9zdG5hbWU7DQoNCiAgICAgICAgLy8g66y07KeA6rCcIOyDieyDgSDrsLDsl7QNCiBjb25zdCByYWluYm93Q29sb3JzID0gWw0KwqAgwqAgwqAgwqAgIiNGRjk5OTkiLCAvLyAwOiDsl7DtlZwg67mo6rCVDQrCoCDCoCDCoCDCoCDCoCDCoCAiI0ZGQzk5OSIsIC8vIDE6IOyXsO2VnCDso7ztmakNCsKgIMKgIMKgIMKgIMKgIMKgICIjRkZGRjk5IiwgLy8gMjog7Jew7ZWcIOuFuOuekQ0KwqAgwqAgwqAgwqAgwqAgwqAgIiM5OUZGOTkiLCAvLyAzOiDsl7DtlZwg7LSI66GdDQrCoCDCoCDCoCDCoCDCoCDCoCAiIzk5OTlGRiIsIC8vIDQ6IOyXsO2VnCDtjIzrnpENCsKgIMKgIMKgIMKgIMKgIMKgICIjQTM5OUM4IiwgLy8gNTog7Jew7ZWcIOuCqOyDiQ0KwqAgwqAgwqAgwqAgwqAgwqAgIiNDODk5RkYiwqAgLy8gNjog7Jew7ZWcIOuztOudvA0KwqAgwqAgwqAgwqAgXTsNCg0KwqAgwqAgwqAgwqAgbGV0IHNlbGVjdGVkQ29sb3IgPSAiIzAwMDAwMCI7IC8vIOq4sOuzuCDqsoDsoJXsg4kNCiAgICAgICAgbGV0IGluc3RhbmNlTnVtYmVyID0gbnVsbDsgLy8g7J247Iqk7YS07IqkIOuyiO2YuOulvCDsoIDsnqXtlaAg67OA7IiYDQoNCiAgICAgICAgLy8gMS4gd3d3LSDsoJHrkZDsgqzsl5Ag6rSA6rOE7JeG7J20IFvsoJHrkZDsgqxdLXZtc3NbNuyekOumrCDsiKvsnpBdIO2MqO2EtCDsspjrpqwNCiAgICAgICAgaWYgKC8tdm1zc1xkezZ9JC8udGVzdChob3N0bmFtZSkpIHsNCiAgICAgICAgICAgIC8vIO2YuOyKpO2KuOuEpOyehCDrgZ0gNuyekOumrCDsiKvsnpDrpbwg7LaU7LacDQogICAgICAgICAgICBjb25zdCBtYXRjaCA9IGhvc3RuYW1lLm1hdGNoKC9cZHs2fSQvKTsNCiAgICAgICAgICAgIGlmIChtYXRjaCkgew0KICAgICAgICAgICAgICAgIC8vIDbsnpDrpqwg7Iir7J6Q66W8IOygleyImOuhnCDrs4DtmZggKOyYiDogMDAwMDAxIC0+IDEpDQogICAgICAgICAgICAgICAgaW5zdGFuY2VOdW1iZXIgPSBwYXJzZUludChtYXRjaFswXSwgMTApOw0KICAgICAgICAgICAgfQ0KICAgICAgICB9IA0KICAgICAgICANCiAgICAgICAgLy8gMi4gd3d3LSDsoJHrkZDsgqzsl5Ag6rSA6rOE7JeG7J20IFvsoJHrkZDsgqxdLXdlYlvsiKvsnpBddm0g7Yyo7YS0IOyymOumrA0KICAgICAgICBlbHNlIGlmICgvLXdlYlxkK3ZtJC8udGVzdChob3N0bmFtZSkpIHsNCiAgICAgICAgICAgIC8vIHdlYuqzvCB2bSDsgqzsnbTsl5Ag7J6I64qUIOyIq+yekOulvCDstpTstpwNCiAgICAgICAgICAgIGNvbnN0IG1hdGNoID0gaG9zdG5hbWUubWF0Y2goL3dlYihcZCspdm0kLyk7DQogICAgICAgICAgICBpZiAobWF0Y2ggJiYgbWF0Y2hbMV0pIHsNCiAgICAgICAgICAgICAgICAvLyDsiKvsnpDrpbwg7KCV7IiY66GcIOuzgO2ZmCAo7JiIOiB3ZWIxdm0gLT4gMSkNCiAgICAgICAgICAgICAgICBpbnN0YW5jZU51bWJlciA9IHBhcnNlSW50KG1hdGNoWzFdLCAxMCk7DQogICAgICAgICAgICB9DQogICAgICAgIH0NCiAgICAgICAgDQogICAgICAgIC8vIOyduOyKpO2EtOyKpCDrsojtmLjqsIAg7Jyg7Zqo7ZWgIOqyveyasCDsg4nsg4Eg7ZWg64u5DQogICAgICAgIGlmIChpbnN0YW5jZU51bWJlciAhPT0gbnVsbCAmJiBpbnN0YW5jZU51bWJlciA+IDApIHsNCiAgICAgICAgICAgIC8vIOyIq+yekOulvCDrsLDsl7Qg6ri47J2066GcIOuCmOuIiCDrgpjrqLjsp4DroZwg7J24642x7IqkIOqysOyglSAo7Iic7ZmYKQ0KICAgICAgICAgICAgLy8g7J24642x7Iqk64qUIDDrtoDthLAg7Iuc7J6R7ZWY66+A66GcLCAx67KIIOyduOyKpO2EtOyKpOuKlCAw67KIIOyduOuNseyKpOyXkCDrp6TtlZHrkJjrj4TroZ0gLTHsnYQg7IKs7JqpDQogICAgICAgICAgICBjb25zdCBjb2xvckluZGV4ID0gKGluc3RhbmNlTnVtYmVyIC0gMSkgJSByYWluYm93Q29sb3JzLmxlbmd0aDsNCiAgICAgICAgICAgIHNlbGVjdGVkQ29sb3IgPSByYWluYm93Q29sb3JzW2NvbG9ySW5kZXhdOw0KICAgICAgICB9DQoNCsKgIMKgIMKgIMKgIC8vICoqW+uzgOqyveuQqF0qKiBib2R56rCAIOyVhOuLjCBoZWFkZXIg67Cw6rK97IOJIOyggeyaqQ0KwqAgwqAgwqAgwqAgZG9jdW1lbnQucXVlcnlTZWxlY3RvcignaGVhZGVyJykuc3R5bGUuYmFja2dyb3VuZENvbG9yID0gc2VsZWN0ZWRDb2xvcjsgICAgPC9zY3JpcHQ+DQoNCjwvYm9keT4NCjwvaHRtbD4NCkVPRg==",
            "virtual_machine_id": "e6d25d6f-4b72-499a-b734-9423cb4f964f",
            "virtual_machine_scale_set_id": "",
            "vm_agent_platform_updates_enabled": false,
            "vtpm_enabled": false,
            "zone": ""
          },
          "sensitive_attributes": [
            [
              {
                "type": "get_attr",
                "value": "admin_password"
              }
            ],
            [
              {
                "type": "get_attr",
                "value": "custom_data"
              }
            ]
          ],
          "identity_schema_version": 0,
          "private": "eyJlMmJmYjczMC1lY2FhLTExZTYtOGY4OC0zNDM2M2JjN2M0YzAiOnsiY3JlYXRlIjoyNzAwMDAwMDAwMDAwLCJkZWxldGUiOjI3MDAwMDAwMDAwMDAsInJlYWQiOjMwMDAwMDAwMDAwMCwidXBkYXRlIjoyNzAwMDAwMDAwMDAwfX0=",
          "dependencies": [
            "azurerm_network_interface.www_web2_nic",
            "azurerm_resource_group.www_rg",
            "azurerm_subnet.www_web2",
            "azurerm_virtual_network.www_vnet0"
          ]
        }
      ]
    },
    {
      "mode": "managed",
      "type": "azurerm_linux_virtual_machine_scale_set",
      "name": "www_vmss",
      "provider": "provider[\"registry.terraform.io/hashicorp/azurerm\"]",
      "instances": [
        {
          "schema_version": 0,
          "attributes": {
            "additional_capabilities": [],
            "admin_password": null,
            "admin_ssh_key": [
              {
                "public_key": "ssh-ed25519 AAAAC3NzaC1lZDI1NTE5AAAAIPQMz6pXp11KhT0hWvtjhfnWCxvVEauRhw7dTgunou4M \r\n",
                "username": "www"
              }
            ],
            "admin_username": "www",
            "automatic_instance_repair": [],
            "automatic_os_upgrade_policy": [],
            "boot_diagnostics": [
              {
                "storage_account_uri": ""
              }
            ],
            "capacity_reservation_group_id": "",
            "computer_name_prefix": "www-vmss",
            "custom_data": null,
            "data_disk": [],
            "disable_password_authentication": true,
            "do_not_run_extensions_on_overprovisioned_machines": false,
            "edge_zone": "",
            "encryption_at_host_enabled": false,
            "eviction_policy": "",
            "extension": [],
            "extension_operations_enabled": true,
            "extensions_time_budget": "PT1H30M",
            "gallery_application": [],
            "health_probe_id": "",
            "host_group_id": null,
            "id": "/subscriptions/99b79efe-ebd6-468c-b39f-5669acb259e1/resourceGroups/04-T1-www/providers/Microsoft.Compute/virtualMachineScaleSets/www-vmss",
            "identity": [],
            "instances": 1,
            "location": "koreasouth",
            "max_bid_price": -1,
            "name": "www-vmss",
            "network_interface": [
              {
                "auxiliary_mode": "",
                "auxiliary_sku": "",
                "dns_servers": null,
                "enable_accelerated_networking": false,
                "enable_ip_forwarding": false,
                "ip_configuration": [
                  {
                    "application_gateway_backend_address_pool_ids": [
                      "/subscriptions/99b79efe-ebd6-468c-b39f-5669acb259e1/resourceGroups/04-T1-www/providers/Microsoft.Network/applicationGateways/www-appgw/backendAddressPools/www-beap"
                    ],
                    "application_security_group_ids": null,
                    "load_balancer_backend_address_pool_ids": null,
                    "load_balancer_inbound_nat_rules_ids": null,
                    "name": "www-vmss-nic",
                    "primary": true,
                    "public_ip_address": [],
                    "subnet_id": "/subscriptions/99b79efe-ebd6-468c-b39f-5669acb259e1/resourceGroups/04-T1-www/providers/Microsoft.Network/virtualNetworks/www-vnet1/subnets/www-vmss",
                    "version": "IPv4"
                  }
                ],
                "name": "www-vmss-nic",
                "network_security_group_id": "",
                "primary": true
              }
            ],
            "os_disk": [
              {
                "caching": "ReadWrite",
                "diff_disk_settings": [],
                "disk_encryption_set_id": "",
                "disk_size_gb": 10,
                "secure_vm_disk_encryption_set_id": "",
                "security_encryption_type": "",
                "storage_account_type": "StandardSSD_LRS",
                "write_accelerator_enabled": false
              }
            ],
            "overprovision": true,
            "plan": [
              {
                "name": "9-lvm",
                "product": "rockylinux-x86_64",
                "publisher": "resf"
              }
            ],
            "platform_fault_domain_count": 5,
            "priority": "Regular",
            "provision_vm_agent": true,
            "proximity_placement_group_id": "",
            "resilient_vm_creation_enabled": false,
            "resilient_vm_deletion_enabled": false,
            "resource_group_name": "04-T1-www",
            "rolling_upgrade_policy": [],
            "scale_in": [],
            "secret": [],
            "secure_boot_enabled": false,
            "single_placement_group": true,
            "sku": "Standard_B2s",
            "source_image_id": "/subscriptions/99b79efe-ebd6-468c-b39f-5669acb259e1/resourceGroups/04-T1-www/providers/Microsoft.Compute/galleries/wwwwwwgallery/images/www-image/versions/1.0.0",
            "source_image_reference": [],
            "spot_restore": null,
            "tags": null,
            "termination_notification": null,
            "timeouts": null,
            "unique_id": "d0cc425b-e05f-4aed-ad7c-ccdd1f11ac94",
            "upgrade_mode": "Manual",
            "user_data": "",
            "vtpm_enabled": false,
            "zone_balance": false,
            "zones": null
          },
          "sensitive_attributes": [
            [
              {
                "type": "get_attr",
                "value": "admin_password"
              }
            ],
            [
              {
                "type": "get_attr",
                "value": "custom_data"
              }
            ]
          ],
          "identity_schema_version": 0,
          "private": "eyJlMmJmYjczMC1lY2FhLTExZTYtOGY4OC0zNDM2M2JjN2M0YzAiOnsiY3JlYXRlIjozNjAwMDAwMDAwMDAwLCJkZWxldGUiOjM2MDAwMDAwMDAwMDAsInJlYWQiOjMwMDAwMDAwMDAwMCwidXBkYXRlIjozNjAwMDAwMDAwMDAwfX0=",
          "dependencies": [
            "azurerm_application_gateway.www_appgw",
            "azurerm_image.www_image",
            "azurerm_linux_virtual_machine.www_web2vm",
            "azurerm_managed_disk.www_disk",
            "azurerm_network_interface.www_web2_nic",
            "azurerm_public_ip.www_appip",
            "azurerm_resource_group.www_rg",
            "azurerm_shared_image.www_sig_image",
            "azurerm_shared_image_gallery.www_gallery",
            "azurerm_shared_image_version.www_version",
            "azurerm_subnet.www_appgw",
            "azurerm_subnet.www_vmss",
            "azurerm_subnet.www_web2",
            "azurerm_virtual_network.www_vnet0",
            "azurerm_virtual_network.www_vnet1",
            "null_resource.www_web2_deallocate"
          ]
        }
      ]
    },
    {
      "mode": "managed",
      "type": "azurerm_managed_disk",
      "name": "www_disk",
      "provider": "provider[\"registry.terraform.io/hashicorp/azurerm\"]",
      "instances": [
        {
          "schema_version": 1,
          "attributes": {
            "create_option": "Copy",
            "disk_access_id": "",
            "disk_encryption_set_id": "",
            "disk_iops_read_only": 0,
            "disk_iops_read_write": 500,
            "disk_mbps_read_only": 0,
            "disk_mbps_read_write": 100,
            "disk_size_gb": 10,
            "edge_zone": "",
            "encryption_settings": [],
            "gallery_image_reference_id": "",
            "hyper_v_generation": "V2",
            "id": "/subscriptions/99b79efe-ebd6-468c-b39f-5669acb259e1/resourceGroups/04-T1-www/providers/Microsoft.Compute/disks/www-disk",
            "image_reference_id": "",
            "location": "koreacentral",
            "logical_sector_size": null,
            "max_shares": 0,
            "name": "www-disk",
            "network_access_policy": "AllowAll",
            "on_demand_bursting_enabled": false,
            "optimized_frequent_attach_enabled": false,
            "os_type": "Linux",
            "performance_plus_enabled": false,
            "public_network_access_enabled": true,
            "resource_group_name": "04-T1-www",
            "secure_vm_disk_encryption_set_id": "",
            "security_type": "",
            "source_resource_id": "/subscriptions/99b79efe-ebd6-468c-b39f-5669acb259e1/resourceGroups/04-T1-www/providers/Microsoft.Compute/disks/www-web2vm_disk1_35799de5926c4d20ad91ce631ff796e4",
            "source_uri": "",
            "storage_account_id": "",
            "storage_account_type": "StandardSSD_LRS",
            "tags": null,
            "tier": "",
            "timeouts": null,
            "trusted_launch_enabled": false,
            "upload_size_bytes": 0,
            "zone": ""
          },
          "sensitive_attributes": [],
          "identity_schema_version": 0,
          "identity": {
            "name": "www-disk",
            "resource_group_name": "04-T1-www",
            "subscription_id": "99b79efe-ebd6-468c-b39f-5669acb259e1"
          },
          "private": "eyJlMmJmYjczMC1lY2FhLTExZTYtOGY4OC0zNDM2M2JjN2M0YzAiOnsiY3JlYXRlIjoxODAwMDAwMDAwMDAwLCJkZWxldGUiOjE4MDAwMDAwMDAwMDAsInJlYWQiOjMwMDAwMDAwMDAwMCwidXBkYXRlIjoxODAwMDAwMDAwMDAwfSwic2NoZW1hX3ZlcnNpb24iOiIxIn0=",
          "dependencies": [
            "azurerm_linux_virtual_machine.www_web2vm",
            "azurerm_network_interface.www_web2_nic",
            "azurerm_resource_group.www_rg",
            "azurerm_subnet.www_web2",
            "azurerm_virtual_network.www_vnet0",
            "null_resource.www_web2_deallocate"
          ]
        }
      ]
    },
    {
      "mode": "managed",
      "type": "azurerm_monitor_autoscale_setting",
      "name": "www_vmss_auto",
      "provider": "provider[\"registry.terraform.io/hashicorp/azurerm\"]",
      "instances": [
        {
          "schema_version": 2,
          "attributes": {
            "enabled": true,
            "id": "/subscriptions/99b79efe-ebd6-468c-b39f-5669acb259e1/resourceGroups/04-T1-www/providers/Microsoft.Insights/autoScaleSettings/www-vmss-auto",
            "location": "koreacentral",
            "name": "www-vmss-auto",
            "notification": [],
            "predictive": [],
            "profile": [
              {
                "capacity": [
                  {
                    "default": 2,
                    "maximum": 6,
                    "minimum": 1
                  }
                ],
                "fixed_date": [],
                "name": "cpu-profile",
                "recurrence": [],
                "rule": [
                  {
                    "metric_trigger": [
                      {
                        "dimensions": [],
                        "divide_by_instance_count": false,
                        "metric_name": "Percentage CPU",
                        "metric_namespace": "",
                        "metric_resource_id": "/subscriptions/99b79efe-ebd6-468c-b39f-5669acb259e1/resourceGroups/04-T1-www/providers/Microsoft.Compute/virtualMachineScaleSets/www-vmss",
                        "operator": "GreaterThanOrEqual",
                        "statistic": "Average",
                        "threshold": 70,
                        "time_aggregation": "Average",
                        "time_grain": "PT1M",
                        "time_window": "PT5M"
                      }
                    ],
                    "scale_action": [
                      {
                        "cooldown": "PT5M",
                        "direction": "Increase",
                        "type": "ChangeCount",
                        "value": 1
                      }
                    ]
                  },
                  {
                    "metric_trigger": [
                      {
                        "dimensions": [],
                        "divide_by_instance_count": false,
                        "metric_name": "Percentage CPU",
                        "metric_namespace": "",
                        "metric_resource_id": "/subscriptions/99b79efe-ebd6-468c-b39f-5669acb259e1/resourceGroups/04-T1-www/providers/Microsoft.Compute/virtualMachineScaleSets/www-vmss",
                        "operator": "LessThanOrEqual",
                        "statistic": "Average",
                        "threshold": 20,
                        "time_aggregation": "Average",
                        "time_grain": "PT1M",
                        "time_window": "PT5M"
                      }
                    ],
                    "scale_action": [
                      {
                        "cooldown": "PT5M",
                        "direction": "Decrease",
                        "type": "ChangeCount",
                        "value": 1
                      }
                    ]
                  }
                ]
              }
            ],
            "resource_group_name": "04-T1-www",
            "tags": null,
            "target_resource_id": "/subscriptions/99b79efe-ebd6-468c-b39f-5669acb259e1/resourceGroups/04-T1-www/providers/Microsoft.Compute/virtualMachineScaleSets/www-vmss",
            "timeouts": null
          },
          "sensitive_attributes": [],
          "identity_schema_version": 0,
          "private": "eyJlMmJmYjczMC1lY2FhLTExZTYtOGY4OC0zNDM2M2JjN2M0YzAiOnsiY3JlYXRlIjoxODAwMDAwMDAwMDAwLCJkZWxldGUiOjE4MDAwMDAwMDAwMDAsInJlYWQiOjMwMDAwMDAwMDAwMCwidXBkYXRlIjoxODAwMDAwMDAwMDAwfSwic2NoZW1hX3ZlcnNpb24iOiIyIn0=",
          "dependencies": [
            "azurerm_application_gateway.www_appgw",
            "azurerm_image.www_image",
            "azurerm_linux_virtual_machine.www_web2vm",
            "azurerm_linux_virtual_machine_scale_set.www_vmss",
            "azurerm_managed_disk.www_disk",
            "azurerm_network_interface.www_web2_nic",
            "azurerm_public_ip.www_appip",
            "azurerm_resource_group.www_rg",
            "azurerm_shared_image.www_sig_image",
            "azurerm_shared_image_gallery.www_gallery",
            "azurerm_shared_image_version.www_version",
            "azurerm_subnet.www_appgw",
            "azurerm_subnet.www_vmss",
            "azurerm_subnet.www_web2",
            "azurerm_virtual_network.www_vnet0",
            "azurerm_virtual_network.www_vnet1",
            "null_resource.www_web2_deallocate"
          ]
        }
      ]
    },
    {
      "mode": "managed",
      "type": "azurerm_nat_gateway",
      "name": "www_nat",
      "provider": "provider[\"registry.terraform.io/hashicorp/azurerm\"]",
      "instances": [
        {
          "schema_version": 0,
          "attributes": {
            "id": "/subscriptions/99b79efe-ebd6-468c-b39f-5669acb259e1/resourceGroups/04-T1-www/providers/Microsoft.Network/natGateways/www-nat",
            "idle_timeout_in_minutes": 4,
            "location": "koreacentral",
            "name": "www-nat",
            "resource_group_name": "04-T1-www",
            "resource_guid": "72fd1a4b-66bd-49cc-8695-e545fbc5e88e",
            "sku_name": "Standard",
            "tags": null,
            "timeouts": null,
            "zones": null
          },
          "sensitive_attributes": [],
          "identity_schema_version": 0,
          "identity": {
            "name": "www-nat",
            "resource_group_name": "04-T1-www",
            "subscription_id": "99b79efe-ebd6-468c-b39f-5669acb259e1"
          },
          "private": "eyJlMmJmYjczMC1lY2FhLTExZTYtOGY4OC0zNDM2M2JjN2M0YzAiOnsiY3JlYXRlIjozNjAwMDAwMDAwMDAwLCJkZWxldGUiOjM2MDAwMDAwMDAwMDAsInJlYWQiOjMwMDAwMDAwMDAwMCwidXBkYXRlIjozNjAwMDAwMDAwMDAwfX0=",
          "dependencies": [
            "azurerm_resource_group.www_rg"
          ]
        }
      ]
    },
    {
      "mode": "managed",
      "type": "azurerm_nat_gateway",
      "name": "www_nat_v1",
      "provider": "provider[\"registry.terraform.io/hashicorp/azurerm\"]",
      "instances": [
        {
          "schema_version": 0,
          "attributes": {
            "id": "/subscriptions/99b79efe-ebd6-468c-b39f-5669acb259e1/resourceGroups/04-T1-www/providers/Microsoft.Network/natGateways/www-nat-v1",
            "idle_timeout_in_minutes": 4,
            "location": "koreasouth",
            "name": "www-nat-v1",
            "resource_group_name": "04-T1-www",
            "resource_guid": "f8f20be4-1d1d-487d-afe4-c180f3329d65",
            "sku_name": "Standard",
            "tags": null,
            "timeouts": null,
            "zones": null
          },
          "sensitive_attributes": [],
          "identity_schema_version": 0,
          "identity": {
            "name": "www-nat-v1",
            "resource_group_name": "04-T1-www",
            "subscription_id": "99b79efe-ebd6-468c-b39f-5669acb259e1"
          },
          "private": "eyJlMmJmYjczMC1lY2FhLTExZTYtOGY4OC0zNDM2M2JjN2M0YzAiOnsiY3JlYXRlIjozNjAwMDAwMDAwMDAwLCJkZWxldGUiOjM2MDAwMDAwMDAwMDAsInJlYWQiOjMwMDAwMDAwMDAwMCwidXBkYXRlIjozNjAwMDAwMDAwMDAwfX0=",
          "dependencies": [
            "azurerm_resource_group.www_rg"
          ]
        }
      ]
    },
    {
      "mode": "managed",
      "type": "azurerm_nat_gateway_public_ip_association",
      "name": "www_nat_pubip",
      "provider": "provider[\"registry.terraform.io/hashicorp/azurerm\"]",
      "instances": [
        {
          "schema_version": 0,
          "attributes": {
            "id": "/subscriptions/99b79efe-ebd6-468c-b39f-5669acb259e1/resourceGroups/04-T1-www/providers/Microsoft.Network/natGateways/www-nat|/subscriptions/99b79efe-ebd6-468c-b39f-5669acb259e1/resourceGroups/04-T1-www/providers/Microsoft.Network/publicIPAddresses/www-natip",
            "nat_gateway_id": "/subscriptions/99b79efe-ebd6-468c-b39f-5669acb259e1/resourceGroups/04-T1-www/providers/Microsoft.Network/natGateways/www-nat",
            "public_ip_address_id": "/subscriptions/99b79efe-ebd6-468c-b39f-5669acb259e1/resourceGroups/04-T1-www/providers/Microsoft.Network/publicIPAddresses/www-natip",
            "timeouts": null
          },
          "sensitive_attributes": [],
          "identity_schema_version": 0,
          "private": "eyJlMmJmYjczMC1lY2FhLTExZTYtOGY4OC0zNDM2M2JjN2M0YzAiOnsiY3JlYXRlIjoxODAwMDAwMDAwMDAwLCJkZWxldGUiOjE4MDAwMDAwMDAwMDAsInJlYWQiOjMwMDAwMDAwMDAwMH19",
          "dependencies": [
            "azurerm_nat_gateway.www_nat",
            "azurerm_public_ip.www_natip",
            "azurerm_resource_group.www_rg"
          ]
        }
      ]
    },
    {
      "mode": "managed",
      "type": "azurerm_nat_gateway_public_ip_association",
      "name": "www_nat_v1_pubip",
      "provider": "provider[\"registry.terraform.io/hashicorp/azurerm\"]",
      "instances": [
        {
          "schema_version": 0,
          "attributes": {
            "id": "/subscriptions/99b79efe-ebd6-468c-b39f-5669acb259e1/resourceGroups/04-T1-www/providers/Microsoft.Network/natGateways/www-nat-v1|/subscriptions/99b79efe-ebd6-468c-b39f-5669acb259e1/resourceGroups/04-T1-www/providers/Microsoft.Network/publicIPAddresses/www-natip-v1",
            "nat_gateway_id": "/subscriptions/99b79efe-ebd6-468c-b39f-5669acb259e1/resourceGroups/04-T1-www/providers/Microsoft.Network/natGateways/www-nat-v1",
            "public_ip_address_id": "/subscriptions/99b79efe-ebd6-468c-b39f-5669acb259e1/resourceGroups/04-T1-www/providers/Microsoft.Network/publicIPAddresses/www-natip-v1",
            "timeouts": null
          },
          "sensitive_attributes": [],
          "identity_schema_version": 0,
          "private": "eyJlMmJmYjczMC1lY2FhLTExZTYtOGY4OC0zNDM2M2JjN2M0YzAiOnsiY3JlYXRlIjoxODAwMDAwMDAwMDAwLCJkZWxldGUiOjE4MDAwMDAwMDAwMDAsInJlYWQiOjMwMDAwMDAwMDAwMH19",
          "dependencies": [
            "azurerm_nat_gateway.www_nat_v1",
            "azurerm_public_ip.www_natip_v1",
            "azurerm_resource_group.www_rg"
          ]
        }
      ]
    },
    {
      "mode": "managed",
      "type": "azurerm_network_interface",
      "name": "www_bas_nic",
      "provider": "provider[\"registry.terraform.io/hashicorp/azurerm\"]",
      "instances": [
        {
          "schema_version": 0,
          "attributes": {
            "accelerated_networking_enabled": false,
            "applied_dns_servers": [],
            "auxiliary_mode": "",
            "auxiliary_sku": "",
            "dns_servers": null,
            "edge_zone": "",
            "id": "/subscriptions/99b79efe-ebd6-468c-b39f-5669acb259e1/resourceGroups/04-T1-www/providers/Microsoft.Network/networkInterfaces/www-bas-nic",
            "internal_dns_name_label": "",
            "internal_domain_name_suffix": "4sq4o0izr1iuplpeoutmikwddh.syx.internal.cloudapp.net",
            "ip_configuration": [
              {
                "gateway_load_balancer_frontend_ip_configuration_id": "",
                "name": "www-bas-nic-ipconf",
                "primary": true,
                "private_ip_address": "10.0.0.4",
                "private_ip_address_allocation": "Static",
                "private_ip_address_version": "IPv4",
                "public_ip_address_id": "/subscriptions/99b79efe-ebd6-468c-b39f-5669acb259e1/resourceGroups/04-T1-www/providers/Microsoft.Network/publicIPAddresses/www-pubip",
                "subnet_id": "/subscriptions/99b79efe-ebd6-468c-b39f-5669acb259e1/resourceGroups/04-T1-www/providers/Microsoft.Network/virtualNetworks/www-vnet0/subnets/www-bas"
              }
            ],
            "ip_forwarding_enabled": false,
            "location": "koreacentral",
            "mac_address": "",
            "name": "www-bas-nic",
            "private_ip_address": "10.0.0.4",
            "private_ip_addresses": [
              "10.0.0.4"
            ],
            "resource_group_name": "04-T1-www",
            "tags": null,
            "timeouts": null,
            "virtual_machine_id": ""
          },
          "sensitive_attributes": [],
          "identity_schema_version": 0,
          "identity": {
            "name": "www-bas-nic",
            "resource_group_name": "04-T1-www",
            "subscription_id": "99b79efe-ebd6-468c-b39f-5669acb259e1"
          },
          "private": "eyJlMmJmYjczMC1lY2FhLTExZTYtOGY4OC0zNDM2M2JjN2M0YzAiOnsiY3JlYXRlIjoxODAwMDAwMDAwMDAwLCJkZWxldGUiOjE4MDAwMDAwMDAwMDAsInJlYWQiOjMwMDAwMDAwMDAwMCwidXBkYXRlIjoxODAwMDAwMDAwMDAwfX0=",
          "dependencies": [
            "azurerm_public_ip.www_basip",
            "azurerm_resource_group.www_rg",
            "azurerm_subnet.www_bas",
            "azurerm_virtual_network.www_vnet0"
          ]
        }
      ]
    },
    {
      "mode": "managed",
      "type": "azurerm_network_interface",
      "name": "www_db_nic",
      "provider": "provider[\"registry.terraform.io/hashicorp/azurerm\"]",
      "instances": [
        {
          "schema_version": 0,
          "attributes": {
            "accelerated_networking_enabled": false,
            "applied_dns_servers": [],
            "auxiliary_mode": "",
            "auxiliary_sku": "",
            "dns_servers": null,
            "edge_zone": "",
            "id": "/subscriptions/99b79efe-ebd6-468c-b39f-5669acb259e1/resourceGroups/04-T1-www/providers/Microsoft.Network/networkInterfaces/www-db-nic",
            "internal_dns_name_label": "",
            "internal_domain_name_suffix": "4sq4o0izr1iuplpeoutmikwddh.syx.internal.cloudapp.net",
            "ip_configuration": [
              {
                "gateway_load_balancer_frontend_ip_configuration_id": "",
                "name": "www-db-nic-ipconf",
                "primary": true,
                "private_ip_address": "10.0.4.4",
                "private_ip_address_allocation": "Static",
                "private_ip_address_version": "IPv4",
                "public_ip_address_id": "",
                "subnet_id": "/subscriptions/99b79efe-ebd6-468c-b39f-5669acb259e1/resourceGroups/04-T1-www/providers/Microsoft.Network/virtualNetworks/www-vnet0/subnets/www-db"
              }
            ],
            "ip_forwarding_enabled": false,
            "location": "koreacentral",
            "mac_address": "",
            "name": "www-db-nic",
            "private_ip_address": "10.0.4.4",
            "private_ip_addresses": [
              "10.0.4.4"
            ],
            "resource_group_name": "04-T1-www",
            "tags": null,
            "timeouts": null,
            "virtual_machine_id": ""
          },
          "sensitive_attributes": [],
          "identity_schema_version": 0,
          "identity": {
            "name": "www-db-nic",
            "resource_group_name": "04-T1-www",
            "subscription_id": "99b79efe-ebd6-468c-b39f-5669acb259e1"
          },
          "private": "eyJlMmJmYjczMC1lY2FhLTExZTYtOGY4OC0zNDM2M2JjN2M0YzAiOnsiY3JlYXRlIjoxODAwMDAwMDAwMDAwLCJkZWxldGUiOjE4MDAwMDAwMDAwMDAsInJlYWQiOjMwMDAwMDAwMDAwMCwidXBkYXRlIjoxODAwMDAwMDAwMDAwfX0=",
          "dependencies": [
            "azurerm_resource_group.www_rg",
            "azurerm_subnet.www_db",
            "azurerm_virtual_network.www_vnet0"
          ]
        }
      ]
    },
    {
      "mode": "managed",
      "type": "azurerm_network_interface",
      "name": "www_web1_nic",
      "provider": "provider[\"registry.terraform.io/hashicorp/azurerm\"]",
      "instances": [
        {
          "schema_version": 0,
          "attributes": {
            "accelerated_networking_enabled": false,
            "applied_dns_servers": [],
            "auxiliary_mode": "",
            "auxiliary_sku": "",
            "dns_servers": null,
            "edge_zone": "",
            "id": "/subscriptions/99b79efe-ebd6-468c-b39f-5669acb259e1/resourceGroups/04-T1-www/providers/Microsoft.Network/networkInterfaces/www-web1-nic",
            "internal_dns_name_label": "",
            "internal_domain_name_suffix": "4sq4o0izr1iuplpeoutmikwddh.syx.internal.cloudapp.net",
            "ip_configuration": [
              {
                "gateway_load_balancer_frontend_ip_configuration_id": "",
                "name": "www-web1-nic-ipconf",
                "primary": true,
                "private_ip_address": "10.0.2.4",
                "private_ip_address_allocation": "Static",
                "private_ip_address_version": "IPv4",
                "public_ip_address_id": "",
                "subnet_id": "/subscriptions/99b79efe-ebd6-468c-b39f-5669acb259e1/resourceGroups/04-T1-www/providers/Microsoft.Network/virtualNetworks/www-vnet0/subnets/www-web1"
              }
            ],
            "ip_forwarding_enabled": false,
            "location": "koreacentral",
            "mac_address": "",
            "name": "www-web1-nic",
            "private_ip_address": "10.0.2.4",
            "private_ip_addresses": [
              "10.0.2.4"
            ],
            "resource_group_name": "04-T1-www",
            "tags": null,
            "timeouts": null,
            "virtual_machine_id": ""
          },
          "sensitive_attributes": [],
          "identity_schema_version": 0,
          "identity": {
            "name": "www-web1-nic",
            "resource_group_name": "04-T1-www",
            "subscription_id": "99b79efe-ebd6-468c-b39f-5669acb259e1"
          },
          "private": "eyJlMmJmYjczMC1lY2FhLTExZTYtOGY4OC0zNDM2M2JjN2M0YzAiOnsiY3JlYXRlIjoxODAwMDAwMDAwMDAwLCJkZWxldGUiOjE4MDAwMDAwMDAwMDAsInJlYWQiOjMwMDAwMDAwMDAwMCwidXBkYXRlIjoxODAwMDAwMDAwMDAwfX0=",
          "dependencies": [
            "azurerm_resource_group.www_rg",
            "azurerm_subnet.www_web1",
            "azurerm_virtual_network.www_vnet0"
          ]
        }
      ]
    },
    {
      "mode": "managed",
      "type": "azurerm_network_interface",
      "name": "www_web1_v1_nic",
      "provider": "provider[\"registry.terraform.io/hashicorp/azurerm\"]",
      "instances": [
        {
          "schema_version": 0,
          "attributes": {
            "accelerated_networking_enabled": false,
            "applied_dns_servers": [],
            "auxiliary_mode": "",
            "auxiliary_sku": "",
            "dns_servers": null,
            "edge_zone": "",
            "id": "/subscriptions/99b79efe-ebd6-468c-b39f-5669acb259e1/resourceGroups/04-T1-www/providers/Microsoft.Network/networkInterfaces/wwwweb1-v1-nic",
            "internal_dns_name_label": "",
            "internal_domain_name_suffix": "plsfqsrugdfevfcjibhgtzueqe.psx.internal.cloudapp.net",
            "ip_configuration": [
              {
                "gateway_load_balancer_frontend_ip_configuration_id": "",
                "name": "www-web1-v1-nic-ipconf",
                "primary": true,
                "private_ip_address": "192.168.2.4",
                "private_ip_address_allocation": "Static",
                "private_ip_address_version": "IPv4",
                "public_ip_address_id": "",
                "subnet_id": "/subscriptions/99b79efe-ebd6-468c-b39f-5669acb259e1/resourceGroups/04-T1-www/providers/Microsoft.Network/virtualNetworks/www-vnet1/subnets/www-web1-v1"
              }
            ],
            "ip_forwarding_enabled": false,
            "location": "koreasouth",
            "mac_address": "",
            "name": "wwwweb1-v1-nic",
            "private_ip_address": "192.168.2.4",
            "private_ip_addresses": [
              "192.168.2.4"
            ],
            "resource_group_name": "04-T1-www",
            "tags": null,
            "timeouts": null,
            "virtual_machine_id": ""
          },
          "sensitive_attributes": [],
          "identity_schema_version": 0,
          "identity": {
            "name": "wwwweb1-v1-nic",
            "resource_group_name": "04-T1-www",
            "subscription_id": "99b79efe-ebd6-468c-b39f-5669acb259e1"
          },
          "private": "eyJlMmJmYjczMC1lY2FhLTExZTYtOGY4OC0zNDM2M2JjN2M0YzAiOnsiY3JlYXRlIjoxODAwMDAwMDAwMDAwLCJkZWxldGUiOjE4MDAwMDAwMDAwMDAsInJlYWQiOjMwMDAwMDAwMDAwMCwidXBkYXRlIjoxODAwMDAwMDAwMDAwfX0=",
          "dependencies": [
            "azurerm_resource_group.www_rg",
            "azurerm_subnet.www_web1_v1",
            "azurerm_virtual_network.www_vnet1"
          ]
        }
      ]
    },
    {
      "mode": "managed",
      "type": "azurerm_network_interface",
      "name": "www_web2_nic",
      "provider": "provider[\"registry.terraform.io/hashicorp/azurerm\"]",
      "instances": [
        {
          "schema_version": 0,
          "attributes": {
            "accelerated_networking_enabled": false,
            "applied_dns_servers": [],
            "auxiliary_mode": "",
            "auxiliary_sku": "",
            "dns_servers": null,
            "edge_zone": "",
            "id": "/subscriptions/99b79efe-ebd6-468c-b39f-5669acb259e1/resourceGroups/04-T1-www/providers/Microsoft.Network/networkInterfaces/www-web2-nic",
            "internal_dns_name_label": "",
            "internal_domain_name_suffix": "4sq4o0izr1iuplpeoutmikwddh.syx.internal.cloudapp.net",
            "ip_configuration": [
              {
                "gateway_load_balancer_frontend_ip_configuration_id": "",
                "name": "www-web2-nic-ipconf",
                "primary": true,
                "private_ip_address": "10.0.3.4",
                "private_ip_address_allocation": "Static",
                "private_ip_address_version": "IPv4",
                "public_ip_address_id": "",
                "subnet_id": "/subscriptions/99b79efe-ebd6-468c-b39f-5669acb259e1/resourceGroups/04-T1-www/providers/Microsoft.Network/virtualNetworks/www-vnet0/subnets/www-web2"
              }
            ],
            "ip_forwarding_enabled": false,
            "location": "koreacentral",
            "mac_address": "",
            "name": "www-web2-nic",
            "private_ip_address": "10.0.3.4",
            "private_ip_addresses": [
              "10.0.3.4"
            ],
            "resource_group_name": "04-T1-www",
            "tags": null,
            "timeouts": null,
            "virtual_machine_id": ""
          },
          "sensitive_attributes": [],
          "identity_schema_version": 0,
          "identity": {
            "name": "www-web2-nic",
            "resource_group_name": "04-T1-www",
            "subscription_id": "99b79efe-ebd6-468c-b39f-5669acb259e1"
          },
          "private": "eyJlMmJmYjczMC1lY2FhLTExZTYtOGY4OC0zNDM2M2JjN2M0YzAiOnsiY3JlYXRlIjoxODAwMDAwMDAwMDAwLCJkZWxldGUiOjE4MDAwMDAwMDAwMDAsInJlYWQiOjMwMDAwMDAwMDAwMCwidXBkYXRlIjoxODAwMDAwMDAwMDAwfX0=",
          "dependencies": [
            "azurerm_resource_group.www_rg",
            "azurerm_subnet.www_web2",
            "azurerm_virtual_network.www_vnet0"
          ]
        }
      ]
    },
    {
      "mode": "managed",
      "type": "azurerm_network_interface",
      "name": "www_web2_v1_nic",
      "provider": "provider[\"registry.terraform.io/hashicorp/azurerm\"]",
      "instances": [
        {
          "schema_version": 0,
          "attributes": {
            "accelerated_networking_enabled": false,
            "applied_dns_servers": [],
            "auxiliary_mode": "",
            "auxiliary_sku": "",
            "dns_servers": null,
            "edge_zone": "",
            "id": "/subscriptions/99b79efe-ebd6-468c-b39f-5669acb259e1/resourceGroups/04-T1-www/providers/Microsoft.Network/networkInterfaces/wwwweb2-v1-nic",
            "internal_dns_name_label": "",
            "internal_domain_name_suffix": "plsfqsrugdfevfcjibhgtzueqe.psx.internal.cloudapp.net",
            "ip_configuration": [
              {
                "gateway_load_balancer_frontend_ip_configuration_id": "",
                "name": "www-web2-v1-nic-ipconf",
                "primary": true,
                "private_ip_address": "192.168.3.4",
                "private_ip_address_allocation": "Static",
                "private_ip_address_version": "IPv4",
                "public_ip_address_id": "",
                "subnet_id": "/subscriptions/99b79efe-ebd6-468c-b39f-5669acb259e1/resourceGroups/04-T1-www/providers/Microsoft.Network/virtualNetworks/www-vnet1/subnets/www-web2-v1"
              }
            ],
            "ip_forwarding_enabled": false,
            "location": "koreasouth",
            "mac_address": "",
            "name": "wwwweb2-v1-nic",
            "private_ip_address": "192.168.3.4",
            "private_ip_addresses": [
              "192.168.3.4"
            ],
            "resource_group_name": "04-T1-www",
            "tags": null,
            "timeouts": null,
            "virtual_machine_id": ""
          },
          "sensitive_attributes": [],
          "identity_schema_version": 0,
          "identity": {
            "name": "wwwweb2-v1-nic",
            "resource_group_name": "04-T1-www",
            "subscription_id": "99b79efe-ebd6-468c-b39f-5669acb259e1"
          },
          "private": "eyJlMmJmYjczMC1lY2FhLTExZTYtOGY4OC0zNDM2M2JjN2M0YzAiOnsiY3JlYXRlIjoxODAwMDAwMDAwMDAwLCJkZWxldGUiOjE4MDAwMDAwMDAwMDAsInJlYWQiOjMwMDAwMDAwMDAwMCwidXBkYXRlIjoxODAwMDAwMDAwMDAwfX0=",
          "dependencies": [
            "azurerm_resource_group.www_rg",
            "azurerm_subnet.www_web2_v1",
            "azurerm_virtual_network.www_vnet1"
          ]
        }
      ]
    },
    {
      "mode": "managed",
      "type": "azurerm_network_interface_application_gateway_backend_address_pool_association",
      "name": "www_web1_v1_nic",
      "provider": "provider[\"registry.terraform.io/hashicorp/azurerm\"]",
      "instances": [
        {
          "schema_version": 0,
          "attributes": {
            "backend_address_pool_id": "/subscriptions/99b79efe-ebd6-468c-b39f-5669acb259e1/resourceGroups/04-T1-www/providers/Microsoft.Network/applicationGateways/www-appgw/backendAddressPools/www-beap",
            "id": "/subscriptions/99b79efe-ebd6-468c-b39f-5669acb259e1/resourceGroups/04-T1-www/providers/Microsoft.Network/networkInterfaces/wwwweb1-v1-nic/ipConfigurations/www-web1-v1-nic-ipconf|/subscriptions/99b79efe-ebd6-468c-b39f-5669acb259e1/resourceGroups/04-T1-www/providers/Microsoft.Network/applicationGateways/www-appgw/backendAddressPools/www-beap",
            "ip_configuration_name": "www-web1-v1-nic-ipconf",
            "network_interface_id": "/subscriptions/99b79efe-ebd6-468c-b39f-5669acb259e1/resourceGroups/04-T1-www/providers/Microsoft.Network/networkInterfaces/wwwweb1-v1-nic",
            "timeouts": null
          },
          "sensitive_attributes": [],
          "identity_schema_version": 0,
          "private": "eyJlMmJmYjczMC1lY2FhLTExZTYtOGY4OC0zNDM2M2JjN2M0YzAiOnsiY3JlYXRlIjoxODAwMDAwMDAwMDAwLCJkZWxldGUiOjE4MDAwMDAwMDAwMDAsInJlYWQiOjMwMDAwMDAwMDAwMH19",
          "dependencies": [
            "azurerm_application_gateway.www_appgw",
            "azurerm_network_interface.www_web1_v1_nic",
            "azurerm_public_ip.www_appip",
            "azurerm_resource_group.www_rg",
            "azurerm_subnet.www_appgw",
            "azurerm_subnet.www_web1_v1",
            "azurerm_virtual_network.www_vnet1"
          ]
        }
      ]
    },
    {
      "mode": "managed",
      "type": "azurerm_network_interface_application_gateway_backend_address_pool_association",
      "name": "www_web2_v1_nic",
      "provider": "provider[\"registry.terraform.io/hashicorp/azurerm\"]",
      "instances": [
        {
          "schema_version": 0,
          "attributes": {
            "backend_address_pool_id": "/subscriptions/99b79efe-ebd6-468c-b39f-5669acb259e1/resourceGroups/04-T1-www/providers/Microsoft.Network/applicationGateways/www-appgw/backendAddressPools/www-beap",
            "id": "/subscriptions/99b79efe-ebd6-468c-b39f-5669acb259e1/resourceGroups/04-T1-www/providers/Microsoft.Network/networkInterfaces/wwwweb2-v1-nic/ipConfigurations/www-web2-v1-nic-ipconf|/subscriptions/99b79efe-ebd6-468c-b39f-5669acb259e1/resourceGroups/04-T1-www/providers/Microsoft.Network/applicationGateways/www-appgw/backendAddressPools/www-beap",
            "ip_configuration_name": "www-web2-v1-nic-ipconf",
            "network_interface_id": "/subscriptions/99b79efe-ebd6-468c-b39f-5669acb259e1/resourceGroups/04-T1-www/providers/Microsoft.Network/networkInterfaces/wwwweb2-v1-nic",
            "timeouts": null
          },
          "sensitive_attributes": [],
          "identity_schema_version": 0,
          "private": "eyJlMmJmYjczMC1lY2FhLTExZTYtOGY4OC0zNDM2M2JjN2M0YzAiOnsiY3JlYXRlIjoxODAwMDAwMDAwMDAwLCJkZWxldGUiOjE4MDAwMDAwMDAwMDAsInJlYWQiOjMwMDAwMDAwMDAwMH19",
          "dependencies": [
            "azurerm_application_gateway.www_appgw",
            "azurerm_network_interface.www_web2_v1_nic",
            "azurerm_public_ip.www_appip",
            "azurerm_resource_group.www_rg",
            "azurerm_subnet.www_appgw",
            "azurerm_subnet.www_web2_v1",
            "azurerm_virtual_network.www_vnet1"
          ]
        }
      ]
    },
    {
      "mode": "managed",
      "type": "azurerm_network_security_group",
      "name": "www_nsg_db",
      "provider": "provider[\"registry.terraform.io/hashicorp/azurerm\"]",
      "instances": [
        {
          "schema_version": 0,
          "attributes": {
            "id": "/subscriptions/99b79efe-ebd6-468c-b39f-5669acb259e1/resourceGroups/04-T1-www/providers/Microsoft.Network/networkSecurityGroups/www_nsg_db",
            "location": "koreacentral",
            "name": "www_nsg_db",
            "resource_group_name": "04-T1-www",
            "security_rule": [
              {
                "access": "Allow",
                "description": "",
                "destination_address_prefix": "10.0.0.0/16",
                "destination_address_prefixes": [],
                "destination_application_security_group_ids": [],
                "destination_port_range": "22",
                "destination_port_ranges": [],
                "direction": "Inbound",
                "name": "ssh",
                "priority": 100,
                "protocol": "Tcp",
                "source_address_prefix": "",
                "source_address_prefixes": [
                  "10.0.0.0/16",
                  "192.168.0.0/16",
                  "61.108.60.26"
                ],
                "source_application_security_group_ids": [],
                "source_port_range": "*",
                "source_port_ranges": []
              },
              {
                "access": "Allow",
                "description": "",
                "destination_address_prefix": "10.0.0.0/16",
                "destination_address_prefixes": [],
                "destination_application_security_group_ids": [],
                "destination_port_range": "3306",
                "destination_port_ranges": [],
                "direction": "Inbound",
                "name": "db",
                "priority": 300,
                "protocol": "Tcp",
                "source_address_prefix": "",
                "source_address_prefixes": [
                  "10.0.0.0/16",
                  "192.168.0.0/16"
                ],
                "source_application_security_group_ids": [],
                "source_port_range": "*",
                "source_port_ranges": []
              }
            ],
            "tags": null,
            "timeouts": null
          },
          "sensitive_attributes": [],
          "identity_schema_version": 0,
          "identity": {
            "name": "www_nsg_db",
            "resource_group_name": "04-T1-www",
            "subscription_id": "99b79efe-ebd6-468c-b39f-5669acb259e1"
          },
          "private": "eyJlMmJmYjczMC1lY2FhLTExZTYtOGY4OC0zNDM2M2JjN2M0YzAiOnsiY3JlYXRlIjoxODAwMDAwMDAwMDAwLCJkZWxldGUiOjE4MDAwMDAwMDAwMDAsInJlYWQiOjMwMDAwMDAwMDAwMCwidXBkYXRlIjoxODAwMDAwMDAwMDAwfX0=",
          "dependencies": [
            "azurerm_resource_group.www_rg"
          ]
        }
      ]
    },
    {
      "mode": "managed",
      "type": "azurerm_network_security_group",
      "name": "www_nsg_http",
      "provider": "provider[\"registry.terraform.io/hashicorp/azurerm\"]",
      "instances": [
        {
          "schema_version": 0,
          "attributes": {
            "id": "/subscriptions/99b79efe-ebd6-468c-b39f-5669acb259e1/resourceGroups/04-T1-www/providers/Microsoft.Network/networkSecurityGroups/www_nsg_http",
            "location": "koreacentral",
            "name": "www_nsg_http",
            "resource_group_name": "04-T1-www",
            "security_rule": [
              {
                "access": "Allow",
                "description": "",
                "destination_address_prefix": "10.0.0.0/16",
                "destination_address_prefixes": [],
                "destination_application_security_group_ids": [],
                "destination_port_range": "22",
                "destination_port_ranges": [],
                "direction": "Inbound",
                "name": "ssh",
                "priority": 100,
                "protocol": "Tcp",
                "source_address_prefix": "",
                "source_address_prefixes": [
                  "10.0.0.0/16",
                  "192.168.0.0/16",
                  "61.108.60.26"
                ],
                "source_application_security_group_ids": [],
                "source_port_range": "*",
                "source_port_ranges": []
              },
              {
                "access": "Allow",
                "description": "",
                "destination_address_prefix": "10.0.0.0/16",
                "destination_address_prefixes": [],
                "destination_application_security_group_ids": [],
                "destination_port_range": "80",
                "destination_port_ranges": [],
                "direction": "Inbound",
                "name": "http",
                "priority": 200,
                "protocol": "Tcp",
                "source_address_prefix": "*",
                "source_address_prefixes": [],
                "source_application_security_group_ids": [],
                "source_port_range": "*",
                "source_port_ranges": []
              }
            ],
            "tags": null,
            "timeouts": null
          },
          "sensitive_attributes": [],
          "identity_schema_version": 0,
          "identity": {
            "name": "www_nsg_http",
            "resource_group_name": "04-T1-www",
            "subscription_id": "99b79efe-ebd6-468c-b39f-5669acb259e1"
          },
          "private": "eyJlMmJmYjczMC1lY2FhLTExZTYtOGY4OC0zNDM2M2JjN2M0YzAiOnsiY3JlYXRlIjoxODAwMDAwMDAwMDAwLCJkZWxldGUiOjE4MDAwMDAwMDAwMDAsInJlYWQiOjMwMDAwMDAwMDAwMCwidXBkYXRlIjoxODAwMDAwMDAwMDAwfX0=",
          "dependencies": [
            "azurerm_resource_group.www_rg"
          ]
        }
      ]
    },
    {
      "mode": "managed",
      "type": "azurerm_network_security_group",
      "name": "www_nsg_ssh",
      "provider": "provider[\"registry.terraform.io/hashicorp/azurerm\"]",
      "instances": [
        {
          "schema_version": 0,
          "attributes": {
            "id": "/subscriptions/99b79efe-ebd6-468c-b39f-5669acb259e1/resourceGroups/04-T1-www/providers/Microsoft.Network/networkSecurityGroups/www_nsg_ssh",
            "location": "koreacentral",
            "name": "www_nsg_ssh",
            "resource_group_name": "04-T1-www",
            "security_rule": [
              {
                "access": "Allow",
                "description": "",
                "destination_address_prefix": "*",
                "destination_address_prefixes": [],
                "destination_application_security_group_ids": [],
                "destination_port_range": "22",
                "destination_port_ranges": [],
                "direction": "Inbound",
                "name": "ssh",
                "priority": 100,
                "protocol": "Tcp",
                "source_address_prefix": "",
                "source_address_prefixes": [
                  "10.0.0.0/16",
                  "192.168.0.0/16",
                  "61.108.60.26"
                ],
                "source_application_security_group_ids": [],
                "source_port_range": "*",
                "source_port_ranges": []
              }
            ],
            "tags": null,
            "timeouts": null
          },
          "sensitive_attributes": [],
          "identity_schema_version": 0,
          "identity": {
            "name": "www_nsg_ssh",
            "resource_group_name": "04-T1-www",
            "subscription_id": "99b79efe-ebd6-468c-b39f-5669acb259e1"
          },
          "private": "eyJlMmJmYjczMC1lY2FhLTExZTYtOGY4OC0zNDM2M2JjN2M0YzAiOnsiY3JlYXRlIjoxODAwMDAwMDAwMDAwLCJkZWxldGUiOjE4MDAwMDAwMDAwMDAsInJlYWQiOjMwMDAwMDAwMDAwMCwidXBkYXRlIjoxODAwMDAwMDAwMDAwfX0=",
          "dependencies": [
            "azurerm_resource_group.www_rg"
          ]
        }
      ]
    },
    {
      "mode": "managed",
      "type": "azurerm_network_security_group",
      "name": "www_v1_nsg_http",
      "provider": "provider[\"registry.terraform.io/hashicorp/azurerm\"]",
      "instances": [
        {
          "schema_version": 0,
          "attributes": {
            "id": "/subscriptions/99b79efe-ebd6-468c-b39f-5669acb259e1/resourceGroups/04-T1-www/providers/Microsoft.Network/networkSecurityGroups/www_v1_nsg_http",
            "location": "koreasouth",
            "name": "www_v1_nsg_http",
            "resource_group_name": "04-T1-www",
            "security_rule": [
              {
                "access": "Allow",
                "description": "",
                "destination_address_prefix": "10.0.0.0/16",
                "destination_address_prefixes": [],
                "destination_application_security_group_ids": [],
                "destination_port_range": "22",
                "destination_port_ranges": [],
                "direction": "Inbound",
                "name": "ssh",
                "priority": 100,
                "protocol": "Tcp",
                "source_address_prefix": "",
                "source_address_prefixes": [
                  "10.0.0.0/16",
                  "192.168.0.0/16",
                  "61.108.60.26"
                ],
                "source_application_security_group_ids": [],
                "source_port_range": "*",
                "source_port_ranges": []
              },
              {
                "access": "Allow",
                "description": "",
                "destination_address_prefix": "10.0.0.0/16",
                "destination_address_prefixes": [],
                "destination_application_security_group_ids": [],
                "destination_port_range": "80",
                "destination_port_ranges": [],
                "direction": "Inbound",
                "name": "http",
                "priority": 200,
                "protocol": "Tcp",
                "source_address_prefix": "*",
                "source_address_prefixes": [],
                "source_application_security_group_ids": [],
                "source_port_range": "*",
                "source_port_ranges": []
              }
            ],
            "tags": null,
            "timeouts": null
          },
          "sensitive_attributes": [],
          "identity_schema_version": 0,
          "identity": {
            "name": "www_v1_nsg_http",
            "resource_group_name": "04-T1-www",
            "subscription_id": "99b79efe-ebd6-468c-b39f-5669acb259e1"
          },
          "private": "eyJlMmJmYjczMC1lY2FhLTExZTYtOGY4OC0zNDM2M2JjN2M0YzAiOnsiY3JlYXRlIjoxODAwMDAwMDAwMDAwLCJkZWxldGUiOjE4MDAwMDAwMDAwMDAsInJlYWQiOjMwMDAwMDAwMDAwMCwidXBkYXRlIjoxODAwMDAwMDAwMDAwfX0=",
          "dependencies": [
            "azurerm_resource_group.www_rg"
          ]
        }
      ]
    },
    {
      "mode": "managed",
      "type": "azurerm_private_dns_a_record",
      "name": "db_private",
      "provider": "provider[\"registry.terraform.io/hashicorp/azurerm\"]",
      "instances": [
        {
          "schema_version": 0,
          "attributes": {
            "fqdn": "db.04www.cloud.",
            "id": "/subscriptions/99b79efe-ebd6-468c-b39f-5669acb259e1/resourceGroups/04-T1-www/providers/Microsoft.Network/privateDnsZones/04www.cloud/A/db",
            "name": "db",
            "records": [
              "10.0.4.4"
            ],
            "resource_group_name": "04-T1-www",
            "tags": null,
            "timeouts": null,
            "ttl": 300,
            "zone_name": "04www.cloud"
          },
          "sensitive_attributes": [],
          "identity_schema_version": 0,
          "private": "eyJlMmJmYjczMC1lY2FhLTExZTYtOGY4OC0zNDM2M2JjN2M0YzAiOnsiY3JlYXRlIjoxODAwMDAwMDAwMDAwLCJkZWxldGUiOjE4MDAwMDAwMDAwMDAsInJlYWQiOjMwMDAwMDAwMDAwMCwidXBkYXRlIjoxODAwMDAwMDAwMDAwfX0=",
          "dependencies": [
            "azurerm_network_interface.www_db_nic",
            "azurerm_private_dns_zone.private",
            "azurerm_resource_group.www_rg",
            "azurerm_subnet.www_db",
            "azurerm_virtual_network.www_vnet0"
          ]
        }
      ]
    },
    {
      "mode": "managed",
      "type": "azurerm_private_dns_zone",
      "name": "private",
      "provider": "provider[\"registry.terraform.io/hashicorp/azurerm\"]",
      "instances": [
        {
          "schema_version": 0,
          "attributes": {
            "id": "/subscriptions/99b79efe-ebd6-468c-b39f-5669acb259e1/resourceGroups/04-T1-www/providers/Microsoft.Network/privateDnsZones/04www.cloud",
            "max_number_of_record_sets": 25000,
            "max_number_of_virtual_network_links": 1000,
            "max_number_of_virtual_network_links_with_registration": 100,
            "name": "04www.cloud",
            "number_of_record_sets": 1,
            "resource_group_name": "04-T1-www",
            "soa_record": [
              {
                "email": "azureprivatedns-host.microsoft.com",
                "expire_time": 2419200,
                "fqdn": "04www.cloud.",
                "host_name": "azureprivatedns.net",
                "minimum_ttl": 10,
                "refresh_time": 3600,
                "retry_time": 300,
                "serial_number": 1,
                "tags": {},
                "ttl": 3600
              }
            ],
            "tags": null,
            "timeouts": null
          },
          "sensitive_attributes": [],
          "identity_schema_version": 0,
          "identity": {
            "name": "04www.cloud",
            "resource_group_name": "04-T1-www",
            "subscription_id": "99b79efe-ebd6-468c-b39f-5669acb259e1"
          },
          "private": "eyJlMmJmYjczMC1lY2FhLTExZTYtOGY4OC0zNDM2M2JjN2M0YzAiOnsiY3JlYXRlIjoxODAwMDAwMDAwMDAwLCJkZWxldGUiOjE4MDAwMDAwMDAwMDAsInJlYWQiOjMwMDAwMDAwMDAwMCwidXBkYXRlIjoxODAwMDAwMDAwMDAwfX0=",
          "dependencies": [
            "azurerm_resource_group.www_rg"
          ]
        }
      ]
    },
    {
      "mode": "managed",
      "type": "azurerm_private_dns_zone_virtual_network_link",
      "name": "link_vnet0",
      "provider": "provider[\"registry.terraform.io/hashicorp/azurerm\"]",
      "instances": [
        {
          "schema_version": 0,
          "attributes": {
            "id": "/subscriptions/99b79efe-ebd6-468c-b39f-5669acb259e1/resourceGroups/04-T1-www/providers/Microsoft.Network/privateDnsZones/04www.cloud/virtualNetworkLinks/link-vnet0",
            "name": "link-vnet0",
            "private_dns_zone_name": "04www.cloud",
            "registration_enabled": true,
            "resolution_policy": "",
            "resource_group_name": "04-T1-www",
            "tags": null,
            "timeouts": null,
            "virtual_network_id": "/subscriptions/99b79efe-ebd6-468c-b39f-5669acb259e1/resourceGroups/04-T1-www/providers/Microsoft.Network/virtualNetworks/www-vnet0"
          },
          "sensitive_attributes": [],
          "identity_schema_version": 0,
          "identity": {
            "name": "link-vnet0",
            "private_dns_zone_name": "04www.cloud",
            "resource_group_name": "04-T1-www",
            "subscription_id": "99b79efe-ebd6-468c-b39f-5669acb259e1"
          },
          "private": "eyJlMmJmYjczMC1lY2FhLTExZTYtOGY4OC0zNDM2M2JjN2M0YzAiOnsiY3JlYXRlIjoxODAwMDAwMDAwMDAwLCJkZWxldGUiOjE4MDAwMDAwMDAwMDAsInJlYWQiOjMwMDAwMDAwMDAwMCwidXBkYXRlIjoxODAwMDAwMDAwMDAwfX0=",
          "dependencies": [
            "azurerm_private_dns_zone.private",
            "azurerm_resource_group.www_rg",
            "azurerm_virtual_network.www_vnet0"
          ]
        }
      ]
    },
    {
      "mode": "managed",
      "type": "azurerm_private_dns_zone_virtual_network_link",
      "name": "link_vnet1",
      "provider": "provider[\"registry.terraform.io/hashicorp/azurerm\"]",
      "instances": [
        {
          "schema_version": 0,
          "attributes": {
            "id": "/subscriptions/99b79efe-ebd6-468c-b39f-5669acb259e1/resourceGroups/04-T1-www/providers/Microsoft.Network/privateDnsZones/04www.cloud/virtualNetworkLinks/link-vnet1",
            "name": "link-vnet1",
            "private_dns_zone_name": "04www.cloud",
            "registration_enabled": true,
            "resolution_policy": "",
            "resource_group_name": "04-T1-www",
            "tags": null,
            "timeouts": null,
            "virtual_network_id": "/subscriptions/99b79efe-ebd6-468c-b39f-5669acb259e1/resourceGroups/04-T1-www/providers/Microsoft.Network/virtualNetworks/www-vnet1"
          },
          "sensitive_attributes": [],
          "identity_schema_version": 0,
          "identity": {
            "name": "link-vnet1",
            "private_dns_zone_name": "04www.cloud",
            "resource_group_name": "04-T1-www",
            "subscription_id": "99b79efe-ebd6-468c-b39f-5669acb259e1"
          },
          "private": "eyJlMmJmYjczMC1lY2FhLTExZTYtOGY4OC0zNDM2M2JjN2M0YzAiOnsiY3JlYXRlIjoxODAwMDAwMDAwMDAwLCJkZWxldGUiOjE4MDAwMDAwMDAwMDAsInJlYWQiOjMwMDAwMDAwMDAwMCwidXBkYXRlIjoxODAwMDAwMDAwMDAwfX0=",
          "dependencies": [
            "azurerm_private_dns_zone.private",
            "azurerm_resource_group.www_rg",
            "azurerm_virtual_network.www_vnet1"
          ]
        }
      ]
    },
    {
      "mode": "managed",
      "type": "azurerm_public_ip",
      "name": "www_appip",
      "provider": "provider[\"registry.terraform.io/hashicorp/azurerm\"]",
      "instances": [
        {
          "schema_version": 0,
          "attributes": {
            "allocation_method": "Static",
            "ddos_protection_mode": "VirtualNetworkInherited",
            "ddos_protection_plan_id": null,
            "domain_name_label": null,
            "domain_name_label_scope": null,
            "edge_zone": "",
            "fqdn": null,
            "id": "/subscriptions/99b79efe-ebd6-468c-b39f-5669acb259e1/resourceGroups/04-T1-www/providers/Microsoft.Network/publicIPAddresses/www-appip",
            "idle_timeout_in_minutes": 4,
            "ip_address": "20.214.50.208",
            "ip_tags": null,
            "ip_version": "IPv4",
            "location": "koreasouth",
            "name": "www-appip",
            "public_ip_prefix_id": null,
            "resource_group_name": "04-T1-www",
            "reverse_fqdn": null,
            "sku": "Standard",
            "sku_tier": "Regional",
            "tags": null,
            "timeouts": null,
            "zones": null
          },
          "sensitive_attributes": [],
          "identity_schema_version": 0,
          "private": "eyJlMmJmYjczMC1lY2FhLTExZTYtOGY4OC0zNDM2M2JjN2M0YzAiOnsiY3JlYXRlIjoxODAwMDAwMDAwMDAwLCJkZWxldGUiOjE4MDAwMDAwMDAwMDAsInJlYWQiOjMwMDAwMDAwMDAwMCwidXBkYXRlIjoxODAwMDAwMDAwMDAwfX0=",
          "dependencies": [
            "azurerm_resource_group.www_rg"
          ]
        }
      ]
    },
    {
      "mode": "managed",
      "type": "azurerm_public_ip",
      "name": "www_basip",
      "provider": "provider[\"registry.terraform.io/hashicorp/azurerm\"]",
      "instances": [
        {
          "schema_version": 0,
          "attributes": {
            "allocation_method": "Static",
            "ddos_protection_mode": "VirtualNetworkInherited",
            "ddos_protection_plan_id": null,
            "domain_name_label": null,
            "domain_name_label_scope": null,
            "edge_zone": "",
            "fqdn": null,
            "id": "/subscriptions/99b79efe-ebd6-468c-b39f-5669acb259e1/resourceGroups/04-T1-www/providers/Microsoft.Network/publicIPAddresses/www-pubip",
            "idle_timeout_in_minutes": 4,
            "ip_address": "20.249.73.120",
            "ip_tags": null,
            "ip_version": "IPv4",
            "location": "koreacentral",
            "name": "www-pubip",
            "public_ip_prefix_id": null,
            "resource_group_name": "04-T1-www",
            "reverse_fqdn": null,
            "sku": "Standard",
            "sku_tier": "Regional",
            "tags": null,
            "timeouts": null,
            "zones": null
          },
          "sensitive_attributes": [],
          "identity_schema_version": 0,
          "private": "eyJlMmJmYjczMC1lY2FhLTExZTYtOGY4OC0zNDM2M2JjN2M0YzAiOnsiY3JlYXRlIjoxODAwMDAwMDAwMDAwLCJkZWxldGUiOjE4MDAwMDAwMDAwMDAsInJlYWQiOjMwMDAwMDAwMDAwMCwidXBkYXRlIjoxODAwMDAwMDAwMDAwfX0=",
          "dependencies": [
            "azurerm_resource_group.www_rg"
          ]
        }
      ]
    },
    {
      "mode": "managed",
      "type": "azurerm_public_ip",
      "name": "www_natip",
      "provider": "provider[\"registry.terraform.io/hashicorp/azurerm\"]",
      "instances": [
        {
          "schema_version": 0,
          "attributes": {
            "allocation_method": "Static",
            "ddos_protection_mode": "VirtualNetworkInherited",
            "ddos_protection_plan_id": null,
            "domain_name_label": null,
            "domain_name_label_scope": null,
            "edge_zone": "",
            "fqdn": null,
            "id": "/subscriptions/99b79efe-ebd6-468c-b39f-5669acb259e1/resourceGroups/04-T1-www/providers/Microsoft.Network/publicIPAddresses/www-natip",
            "idle_timeout_in_minutes": 4,
            "ip_address": "4.217.169.220",
            "ip_tags": null,
            "ip_version": "IPv4",
            "location": "koreacentral",
            "name": "www-natip",
            "public_ip_prefix_id": null,
            "resource_group_name": "04-T1-www",
            "reverse_fqdn": null,
            "sku": "Standard",
            "sku_tier": "Regional",
            "tags": null,
            "timeouts": null,
            "zones": null
          },
          "sensitive_attributes": [],
          "identity_schema_version": 0,
          "private": "eyJlMmJmYjczMC1lY2FhLTExZTYtOGY4OC0zNDM2M2JjN2M0YzAiOnsiY3JlYXRlIjoxODAwMDAwMDAwMDAwLCJkZWxldGUiOjE4MDAwMDAwMDAwMDAsInJlYWQiOjMwMDAwMDAwMDAwMCwidXBkYXRlIjoxODAwMDAwMDAwMDAwfX0=",
          "dependencies": [
            "azurerm_resource_group.www_rg"
          ]
        }
      ]
    },
    {
      "mode": "managed",
      "type": "azurerm_public_ip",
      "name": "www_natip_v1",
      "provider": "provider[\"registry.terraform.io/hashicorp/azurerm\"]",
      "instances": [
        {
          "schema_version": 0,
          "attributes": {
            "allocation_method": "Static",
            "ddos_protection_mode": "VirtualNetworkInherited",
            "ddos_protection_plan_id": null,
            "domain_name_label": null,
            "domain_name_label_scope": null,
            "edge_zone": "",
            "fqdn": null,
            "id": "/subscriptions/99b79efe-ebd6-468c-b39f-5669acb259e1/resourceGroups/04-T1-www/providers/Microsoft.Network/publicIPAddresses/www-natip-v1",
            "idle_timeout_in_minutes": 4,
            "ip_address": "20.214.17.241",
            "ip_tags": null,
            "ip_version": "IPv4",
            "location": "koreasouth",
            "name": "www-natip-v1",
            "public_ip_prefix_id": null,
            "resource_group_name": "04-T1-www",
            "reverse_fqdn": null,
            "sku": "Standard",
            "sku_tier": "Regional",
            "tags": null,
            "timeouts": null,
            "zones": null
          },
          "sensitive_attributes": [],
          "identity_schema_version": 0,
          "private": "eyJlMmJmYjczMC1lY2FhLTExZTYtOGY4OC0zNDM2M2JjN2M0YzAiOnsiY3JlYXRlIjoxODAwMDAwMDAwMDAwLCJkZWxldGUiOjE4MDAwMDAwMDAwMDAsInJlYWQiOjMwMDAwMDAwMDAwMCwidXBkYXRlIjoxODAwMDAwMDAwMDAwfX0=",
          "dependencies": [
            "azurerm_resource_group.www_rg"
          ]
        }
      ]
    },
    {
      "mode": "managed",
      "type": "azurerm_resource_group",
      "name": "www_rg",
      "provider": "provider[\"registry.terraform.io/hashicorp/azurerm\"]",
      "instances": [
        {
          "schema_version": 0,
          "attributes": {
            "id": "/subscriptions/99b79efe-ebd6-468c-b39f-5669acb259e1/resourceGroups/04-T1-www",
            "location": "koreacentral",
            "managed_by": "",
            "name": "04-T1-www",
            "tags": null,
            "timeouts": null
          },
          "sensitive_attributes": [],
          "identity_schema_version": 0,
          "identity": {
            "name": "04-T1-www",
            "subscription_id": "99b79efe-ebd6-468c-b39f-5669acb259e1"
          },
          "private": "eyJlMmJmYjczMC1lY2FhLTExZTYtOGY4OC0zNDM2M2JjN2M0YzAiOnsiY3JlYXRlIjo1NDAwMDAwMDAwMDAwLCJkZWxldGUiOjU0MDAwMDAwMDAwMDAsInJlYWQiOjMwMDAwMDAwMDAwMCwidXBkYXRlIjo1NDAwMDAwMDAwMDAwfX0="
        }
      ]
    },
    {
      "mode": "managed",
      "type": "azurerm_resource_group_policy_assignment",
      "name": "allowed_locations",
      "provider": "provider[\"registry.terraform.io/hashicorp/azurerm\"]",
      "instances": [
        {
          "schema_version": 0,
          "attributes": {
            "description": "이 정책은 리소스를 한국 리전(Central, South)에만 배포하도록 제한합니다.",
            "display_name": "Allowed Locations - Korea Only",
            "enforce": true,
            "id": "/subscriptions/99b79efe-ebd6-468c-b39f-5669acb259e1/resourceGroups/04-T1-www/providers/Microsoft.Authorization/policyAssignments/allowed-locations",
            "identity": [],
            "location": "",
            "metadata": "{\"createdBy\":\"492131b6-671b-43f1-ac1e-db6a26222569\",\"createdOn\":\"2025-11-27T03:47:52.0065545Z\",\"updatedBy\":null,\"updatedOn\":null}",
            "name": "allowed-locations",
            "non_compliance_message": [],
            "not_scopes": null,
            "overrides": [],
            "parameters": "{\"listOfAllowedLocations\":{\"value\":[\"koreacentral\",\"koreasouth\"]}}",
            "policy_definition_id": "/providers/Microsoft.Authorization/policyDefinitions/e56962a6-4747-49cd-b67b-bf8b01975c4c",
            "resource_group_id": "/subscriptions/99b79efe-ebd6-468c-b39f-5669acb259e1/resourceGroups/04-T1-www",
            "resource_selectors": [],
            "timeouts": null
          },
          "sensitive_attributes": [],
          "identity_schema_version": 0,
          "private": "eyJlMmJmYjczMC1lY2FhLTExZTYtOGY4OC0zNDM2M2JjN2M0YzAiOnsiY3JlYXRlIjoxODAwMDAwMDAwMDAwLCJkZWxldGUiOjE4MDAwMDAwMDAwMDAsInJlYWQiOjMwMDAwMDAwMDAwMCwidXBkYXRlIjoxODAwMDAwMDAwMDAwfX0=",
          "dependencies": [
            "azurerm_resource_group.www_rg"
          ]
        }
      ]
    },
    {
      "mode": "managed",
      "type": "azurerm_resource_group_policy_assignment",
      "name": "storage_https_only",
      "provider": "provider[\"registry.terraform.io/hashicorp/azurerm\"]",
      "instances": [
        {
          "schema_version": 0,
          "attributes": {
            "description": "Storage Account는 HTTPS를 통해서만 액세스할 수 있어야 합니다.",
            "display_name": "Storage Accounts - Secure transfer required",
            "enforce": true,
            "id": "/subscriptions/99b79efe-ebd6-468c-b39f-5669acb259e1/resourceGroups/04-T1-www/providers/Microsoft.Authorization/policyAssignments/storage-https-only",
            "identity": [],
            "location": "",
            "metadata": "{\"createdBy\":\"492131b6-671b-43f1-ac1e-db6a26222569\",\"createdOn\":\"2025-11-27T03:47:59.4122634Z\",\"updatedBy\":null,\"updatedOn\":null}",
            "name": "storage-https-only",
            "non_compliance_message": [],
            "not_scopes": null,
            "overrides": [],
            "parameters": "",
            "policy_definition_id": "/providers/Microsoft.Authorization/policyDefinitions/404c3081-a854-4457-ae30-26a93ef643f9",
            "resource_group_id": "/subscriptions/99b79efe-ebd6-468c-b39f-5669acb259e1/resourceGroups/04-T1-www",
            "resource_selectors": [],
            "timeouts": null
          },
          "sensitive_attributes": [],
          "identity_schema_version": 0,
          "private": "eyJlMmJmYjczMC1lY2FhLTExZTYtOGY4OC0zNDM2M2JjN2M0YzAiOnsiY3JlYXRlIjoxODAwMDAwMDAwMDAwLCJkZWxldGUiOjE4MDAwMDAwMDAwMDAsInJlYWQiOjMwMDAwMDAwMDAwMCwidXBkYXRlIjoxODAwMDAwMDAwMDAwfX0=",
          "dependencies": [
            "azurerm_resource_group.www_rg"
          ]
        }
      ]
    },
    {
      "mode": "managed",
      "type": "azurerm_resource_group_policy_assignment",
      "name": "subnet_nsg_required",
      "provider": "provider[\"registry.terraform.io/hashicorp/azurerm\"]",
      "instances": [
        {
          "schema_version": 0,
          "attributes": {
            "description": "이 정책은 NSG가 없는 서브넷을 감사합니다.",
            "display_name": "Subnets should have a Network Security Group",
            "enforce": true,
            "id": "/subscriptions/99b79efe-ebd6-468c-b39f-5669acb259e1/resourceGroups/04-T1-www/providers/Microsoft.Authorization/policyAssignments/subnet-nsg-required",
            "identity": [],
            "location": "",
            "metadata": "{\"createdBy\":\"492131b6-671b-43f1-ac1e-db6a26222569\",\"createdOn\":\"2025-11-27T03:48:09.4996507Z\",\"updatedBy\":null,\"updatedOn\":null}",
            "name": "subnet-nsg-required",
            "non_compliance_message": [],
            "not_scopes": null,
            "overrides": [],
            "parameters": "",
            "policy_definition_id": "/providers/Microsoft.Authorization/policyDefinitions/e71308d3-144b-4262-b144-efdc3cc90517",
            "resource_group_id": "/subscriptions/99b79efe-ebd6-468c-b39f-5669acb259e1/resourceGroups/04-T1-www",
            "resource_selectors": [],
            "timeouts": null
          },
          "sensitive_attributes": [],
          "identity_schema_version": 0,
          "private": "eyJlMmJmYjczMC1lY2FhLTExZTYtOGY4OC0zNDM2M2JjN2M0YzAiOnsiY3JlYXRlIjoxODAwMDAwMDAwMDAwLCJkZWxldGUiOjE4MDAwMDAwMDAwMDAsInJlYWQiOjMwMDAwMDAwMDAwMCwidXBkYXRlIjoxODAwMDAwMDAwMDAwfX0=",
          "dependencies": [
            "azurerm_resource_group.www_rg"
          ]
        }
      ]
    },
    {
      "mode": "managed",
      "type": "azurerm_resource_group_policy_assignment",
      "name": "vm_managed_disk",
      "provider": "provider[\"registry.terraform.io/hashicorp/azurerm\"]",
      "instances": [
        {
          "schema_version": 0,
          "attributes": {
            "description": "이 정책은 관리 디스크를 사용하지 않는 VM을 감사합니다.",
            "display_name": "Audit VMs that do not use managed disks",
            "enforce": true,
            "id": "/subscriptions/99b79efe-ebd6-468c-b39f-5669acb259e1/resourceGroups/04-T1-www/providers/Microsoft.Authorization/policyAssignments/vm-managed-disk",
            "identity": [],
            "location": "",
            "metadata": "{\"createdBy\":\"492131b6-671b-43f1-ac1e-db6a26222569\",\"createdOn\":\"2025-11-27T03:48:05.1194256Z\",\"updatedBy\":null,\"updatedOn\":null}",
            "name": "vm-managed-disk",
            "non_compliance_message": [],
            "not_scopes": null,
            "overrides": [],
            "parameters": "",
            "policy_definition_id": "/providers/Microsoft.Authorization/policyDefinitions/06a78e20-9358-41c9-923c-fb736d382a4d",
            "resource_group_id": "/subscriptions/99b79efe-ebd6-468c-b39f-5669acb259e1/resourceGroups/04-T1-www",
            "resource_selectors": [],
            "timeouts": null
          },
          "sensitive_attributes": [],
          "identity_schema_version": 0,
          "private": "eyJlMmJmYjczMC1lY2FhLTExZTYtOGY4OC0zNDM2M2JjN2M0YzAiOnsiY3JlYXRlIjoxODAwMDAwMDAwMDAwLCJkZWxldGUiOjE4MDAwMDAwMDAwMDAsInJlYWQiOjMwMDAwMDAwMDAwMCwidXBkYXRlIjoxODAwMDAwMDAwMDAwfX0=",
          "dependencies": [
            "azurerm_resource_group.www_rg"
          ]
        }
      ]
    },
    {
      "mode": "managed",
      "type": "azurerm_role_assignment",
      "name": "compute_role",
      "provider": "provider[\"registry.terraform.io/hashicorp/azurerm\"]",
      "instances": [
        {
          "schema_version": 0,
          "attributes": {
            "condition": "",
            "condition_version": "",
            "delegated_managed_identity_resource_id": "",
            "description": "",
            "id": "/subscriptions/99b79efe-ebd6-468c-b39f-5669acb259e1/resourceGroups/04-T1-www/providers/Microsoft.Authorization/roleAssignments/7c189839-0a1f-f26a-d840-fac2de2dc6ed",
            "name": "7c189839-0a1f-f26a-d840-fac2de2dc6ed",
            "principal_id": "5a54cace-68ce-40f1-b485-b32a226e50e5",
            "principal_type": "User",
            "role_definition_id": "/subscriptions/99b79efe-ebd6-468c-b39f-5669acb259e1/providers/Microsoft.Authorization/roleDefinitions/9980e02c-c2be-4d73-94e8-173b1dc7cf3c",
            "role_definition_name": "Virtual Machine Contributor",
            "scope": "/subscriptions/99b79efe-ebd6-468c-b39f-5669acb259e1/resourceGroups/04-T1-www",
            "skip_service_principal_aad_check": null,
            "timeouts": null
          },
          "sensitive_attributes": [],
          "identity_schema_version": 0,
          "private": "eyJlMmJmYjczMC1lY2FhLTExZTYtOGY4OC0zNDM2M2JjN2M0YzAiOnsiY3JlYXRlIjoxODAwMDAwMDAwMDAwLCJkZWxldGUiOjE4MDAwMDAwMDAwMDAsInJlYWQiOjMwMDAwMDAwMDAwMH19",
          "dependencies": [
            "azurerm_resource_group.www_rg",
            "data.azuread_user.compute_admin"
          ]
        }
      ]
    },
    {
      "mode": "managed",
      "type": "azurerm_role_assignment",
      "name": "db_role",
      "provider": "provider[\"registry.terraform.io/hashicorp/azurerm\"]",
      "instances": [
        {
          "schema_version": 0,
          "attributes": {
            "condition": "",
            "condition_version": "",
            "delegated_managed_identity_resource_id": "",
            "description": "",
            "id": "/subscriptions/99b79efe-ebd6-468c-b39f-5669acb259e1/resourceGroups/04-T1-www/providers/Microsoft.Authorization/roleAssignments/b3dd6b13-d6ed-730e-c66d-674433c11994",
            "name": "b3dd6b13-d6ed-730e-c66d-674433c11994",
            "principal_id": "492131b6-671b-43f1-ac1e-db6a26222569",
            "principal_type": "User",
            "role_definition_id": "/subscriptions/99b79efe-ebd6-468c-b39f-5669acb259e1/providers/Microsoft.Authorization/roleDefinitions/b24988ac-6180-42a0-ab88-20f7382dd24c",
            "role_definition_name": "Contributor",
            "scope": "/subscriptions/99b79efe-ebd6-468c-b39f-5669acb259e1/resourceGroups/04-T1-www",
            "skip_service_principal_aad_check": null,
            "timeouts": null
          },
          "sensitive_attributes": [],
          "identity_schema_version": 0,
          "private": "eyJlMmJmYjczMC1lY2FhLTExZTYtOGY4OC0zNDM2M2JjN2M0YzAiOnsiY3JlYXRlIjoxODAwMDAwMDAwMDAwLCJkZWxldGUiOjE4MDAwMDAwMDAwMDAsInJlYWQiOjMwMDAwMDAwMDAwMH19",
          "dependencies": [
            "azurerm_resource_group.www_rg",
            "data.azuread_user.db_admin"
          ]
        }
      ]
    },
    {
      "mode": "managed",
      "type": "azurerm_role_assignment",
      "name": "network_role",
      "provider": "provider[\"registry.terraform.io/hashicorp/azurerm\"]",
      "instances": [
        {
          "schema_version": 0,
          "attributes": {
            "condition": "",
            "condition_version": "",
            "delegated_managed_identity_resource_id": "",
            "description": "",
            "id": "/subscriptions/99b79efe-ebd6-468c-b39f-5669acb259e1/resourceGroups/04-T1-www/providers/Microsoft.Authorization/roleAssignments/e57ef405-db81-31c5-3c10-3c476004de0d",
            "name": "e57ef405-db81-31c5-3c10-3c476004de0d",
            "principal_id": "459480bc-f44e-4582-8c98-71fa3d881811",
            "principal_type": "User",
            "role_definition_id": "/subscriptions/99b79efe-ebd6-468c-b39f-5669acb259e1/providers/Microsoft.Authorization/roleDefinitions/4d97b98b-1d4f-4787-a291-c67834d212e7",
            "role_definition_name": "Network Contributor",
            "scope": "/subscriptions/99b79efe-ebd6-468c-b39f-5669acb259e1/resourceGroups/04-T1-www",
            "skip_service_principal_aad_check": null,
            "timeouts": null
          },
          "sensitive_attributes": [],
          "identity_schema_version": 0,
          "private": "eyJlMmJmYjczMC1lY2FhLTExZTYtOGY4OC0zNDM2M2JjN2M0YzAiOnsiY3JlYXRlIjoxODAwMDAwMDAwMDAwLCJkZWxldGUiOjE4MDAwMDAwMDAwMDAsInJlYWQiOjMwMDAwMDAwMDAwMH19",
          "dependencies": [
            "azurerm_resource_group.www_rg",
            "data.azuread_user.network_admin"
          ]
        }
      ]
    },
    {
      "mode": "managed",
      "type": "azurerm_role_assignment",
      "name": "pm_role",
      "provider": "provider[\"registry.terraform.io/hashicorp/azurerm\"]",
      "instances": [
        {
          "schema_version": 0,
          "attributes": {
            "condition": "",
            "condition_version": "",
            "delegated_managed_identity_resource_id": "",
            "description": "",
            "id": "/subscriptions/99b79efe-ebd6-468c-b39f-5669acb259e1/resourceGroups/04-T1-www/providers/Microsoft.Authorization/roleAssignments/9260ffbd-5084-b574-2fb5-72ae6a9a424a",
            "name": "9260ffbd-5084-b574-2fb5-72ae6a9a424a",
            "principal_id": "cbca0876-4730-495c-8c47-18b9c9af868a",
            "principal_type": "User",
            "role_definition_id": "/subscriptions/99b79efe-ebd6-468c-b39f-5669acb259e1/providers/Microsoft.Authorization/roleDefinitions/8e3af657-a8ff-443c-a75c-2fe8c4bcb635",
            "role_definition_name": "Owner",
            "scope": "/subscriptions/99b79efe-ebd6-468c-b39f-5669acb259e1/resourceGroups/04-T1-www",
            "skip_service_principal_aad_check": null,
            "timeouts": null
          },
          "sensitive_attributes": [],
          "identity_schema_version": 0,
          "private": "eyJlMmJmYjczMC1lY2FhLTExZTYtOGY4OC0zNDM2M2JjN2M0YzAiOnsiY3JlYXRlIjoxODAwMDAwMDAwMDAwLCJkZWxldGUiOjE4MDAwMDAwMDAwMDAsInJlYWQiOjMwMDAwMDAwMDAwMH19",
          "dependencies": [
            "azurerm_resource_group.www_rg",
            "data.azuread_user.pm_user"
          ]
        }
      ]
    },
    {
      "mode": "managed",
      "type": "azurerm_role_assignment",
      "name": "security_role",
      "provider": "provider[\"registry.terraform.io/hashicorp/azurerm\"]",
      "instances": [
        {
          "schema_version": 0,
          "attributes": {
            "condition": "",
            "condition_version": "",
            "delegated_managed_identity_resource_id": "",
            "description": "",
            "id": "/subscriptions/99b79efe-ebd6-468c-b39f-5669acb259e1/resourceGroups/04-T1-www/providers/Microsoft.Authorization/roleAssignments/80e97564-9902-5b38-34e1-b4c8ffb9afd0",
            "name": "80e97564-9902-5b38-34e1-b4c8ffb9afd0",
            "principal_id": "b9d57093-411e-4141-b5a5-faf01b0edd17",
            "principal_type": "User",
            "role_definition_id": "/subscriptions/99b79efe-ebd6-468c-b39f-5669acb259e1/providers/Microsoft.Authorization/roleDefinitions/fb1c8493-542b-48eb-b624-b4c8fea62acd",
            "role_definition_name": "Security Admin",
            "scope": "/subscriptions/99b79efe-ebd6-468c-b39f-5669acb259e1/resourceGroups/04-T1-www",
            "skip_service_principal_aad_check": null,
            "timeouts": null
          },
          "sensitive_attributes": [],
          "identity_schema_version": 0,
          "private": "eyJlMmJmYjczMC1lY2FhLTExZTYtOGY4OC0zNDM2M2JjN2M0YzAiOnsiY3JlYXRlIjoxODAwMDAwMDAwMDAwLCJkZWxldGUiOjE4MDAwMDAwMDAwMDAsInJlYWQiOjMwMDAwMDAwMDAwMH19",
          "dependencies": [
            "azurerm_resource_group.www_rg",
            "data.azuread_user.security_admin"
          ]
        }
      ]
    },
    {
      "mode": "managed",
      "type": "azurerm_shared_image",
      "name": "www_sig_image",
      "provider": "provider[\"registry.terraform.io/hashicorp/azurerm\"]",
      "instances": [
        {
          "schema_version": 0,
          "attributes": {
            "accelerated_network_support_enabled": false,
            "architecture": "x64",
            "confidential_vm_enabled": false,
            "confidential_vm_supported": false,
            "description": "",
            "disk_controller_type_nvme_enabled": false,
            "disk_types_not_allowed": null,
            "end_of_life_date": null,
            "eula": "",
            "gallery_name": "wwwwwwgallery",
            "hibernation_enabled": false,
            "hyper_v_generation": "V2",
            "id": "/subscriptions/99b79efe-ebd6-468c-b39f-5669acb259e1/resourceGroups/04-T1-www/providers/Microsoft.Compute/galleries/wwwwwwgallery/images/www-image",
            "identifier": [
              {
                "offer": "rockylinux-x86_64",
                "publisher": "resf",
                "sku": "9-lvm"
              }
            ],
            "location": "koreacentral",
            "max_recommended_memory_in_gb": 4,
            "max_recommended_vcpu_count": 2,
            "min_recommended_memory_in_gb": 2,
            "min_recommended_vcpu_count": 1,
            "name": "www-image",
            "os_type": "Linux",
            "privacy_statement_uri": "",
            "purchase_plan": [],
            "release_note_uri": "",
            "resource_group_name": "04-T1-www",
            "specialized": false,
            "tags": null,
            "timeouts": null,
            "trusted_launch_enabled": false,
            "trusted_launch_supported": false
          },
          "sensitive_attributes": [],
          "identity_schema_version": 0,
          "identity": {
            "gallery_name": "wwwwwwgallery",
            "name": "www-image",
            "resource_group_name": "04-T1-www",
            "subscription_id": "99b79efe-ebd6-468c-b39f-5669acb259e1"
          },
          "private": "eyJlMmJmYjczMC1lY2FhLTExZTYtOGY4OC0zNDM2M2JjN2M0YzAiOnsiY3JlYXRlIjoxODAwMDAwMDAwMDAwLCJkZWxldGUiOjE4MDAwMDAwMDAwMDAsInJlYWQiOjMwMDAwMDAwMDAwMCwidXBkYXRlIjoxODAwMDAwMDAwMDAwfX0=",
          "dependencies": [
            "azurerm_resource_group.www_rg",
            "azurerm_shared_image_gallery.www_gallery"
          ]
        }
      ]
    },
    {
      "mode": "managed",
      "type": "azurerm_shared_image_gallery",
      "name": "www_gallery",
      "provider": "provider[\"registry.terraform.io/hashicorp/azurerm\"]",
      "instances": [
        {
          "schema_version": 0,
          "attributes": {
            "description": "",
            "id": "/subscriptions/99b79efe-ebd6-468c-b39f-5669acb259e1/resourceGroups/04-T1-www/providers/Microsoft.Compute/galleries/wwwwwwgallery",
            "location": "koreacentral",
            "name": "wwwwwwgallery",
            "resource_group_name": "04-T1-www",
            "sharing": [],
            "tags": null,
            "timeouts": null,
            "unique_name": "99b79efe-ebd6-468c-b39f-5669acb259e1-WWWWWWGALLERY"
          },
          "sensitive_attributes": [],
          "identity_schema_version": 0,
          "identity": {
            "name": "wwwwwwgallery",
            "resource_group_name": "04-T1-www",
            "subscription_id": "99b79efe-ebd6-468c-b39f-5669acb259e1"
          },
          "private": "eyJlMmJmYjczMC1lY2FhLTExZTYtOGY4OC0zNDM2M2JjN2M0YzAiOnsiY3JlYXRlIjoxODAwMDAwMDAwMDAwLCJkZWxldGUiOjE4MDAwMDAwMDAwMDAsInJlYWQiOjMwMDAwMDAwMDAwMCwidXBkYXRlIjoxODAwMDAwMDAwMDAwfX0=",
          "dependencies": [
            "azurerm_resource_group.www_rg"
          ]
        }
      ]
    },
    {
      "mode": "managed",
      "type": "azurerm_shared_image_version",
      "name": "www_version",
      "provider": "provider[\"registry.terraform.io/hashicorp/azurerm\"]",
      "instances": [
        {
          "schema_version": 0,
          "attributes": {
            "blob_uri": "",
            "deletion_of_replicated_locations_enabled": false,
            "end_of_life_date": null,
            "exclude_from_latest": false,
            "gallery_name": "wwwwwwgallery",
            "id": "/subscriptions/99b79efe-ebd6-468c-b39f-5669acb259e1/resourceGroups/04-T1-www/providers/Microsoft.Compute/galleries/wwwwwwgallery/images/www-image/versions/1.0.0",
            "image_name": "www-image",
            "location": "koreacentral",
            "managed_image_id": "/subscriptions/99b79efe-ebd6-468c-b39f-5669acb259e1/resourceGroups/04-T1-www/providers/Microsoft.Compute/images/www-image",
            "name": "1.0.0",
            "os_disk_snapshot_id": "",
            "replication_mode": "Full",
            "resource_group_name": "04-T1-www",
            "storage_account_id": "",
            "tags": null,
            "target_region": [
              {
                "disk_encryption_set_id": "",
                "exclude_from_latest_enabled": false,
                "name": "koreacentral",
                "regional_replica_count": 1,
                "storage_account_type": "Standard_LRS"
              },
              {
                "disk_encryption_set_id": "",
                "exclude_from_latest_enabled": false,
                "name": "koreasouth",
                "regional_replica_count": 1,
                "storage_account_type": "Standard_LRS"
              }
            ],
            "timeouts": null
          },
          "sensitive_attributes": [],
          "identity_schema_version": 0,
          "private": "eyJlMmJmYjczMC1lY2FhLTExZTYtOGY4OC0zNDM2M2JjN2M0YzAiOnsiY3JlYXRlIjoxODAwMDAwMDAwMDAwLCJkZWxldGUiOjE4MDAwMDAwMDAwMDAsInJlYWQiOjMwMDAwMDAwMDAwMCwidXBkYXRlIjoxODAwMDAwMDAwMDAwfX0=",
          "dependencies": [
            "azurerm_image.www_image",
            "azurerm_linux_virtual_machine.www_web2vm",
            "azurerm_managed_disk.www_disk",
            "azurerm_network_interface.www_web2_nic",
            "azurerm_resource_group.www_rg",
            "azurerm_shared_image.www_sig_image",
            "azurerm_shared_image_gallery.www_gallery",
            "azurerm_subnet.www_web2",
            "azurerm_virtual_network.www_vnet0",
            "null_resource.www_web2_deallocate"
          ]
        }
      ]
    },
    {
      "mode": "managed",
      "type": "azurerm_subnet",
      "name": "www_appgw",
      "provider": "provider[\"registry.terraform.io/hashicorp/azurerm\"]",
      "instances": [
        {
          "schema_version": 0,
          "attributes": {
            "address_prefixes": [
              "192.168.0.0/24"
            ],
            "default_outbound_access_enabled": true,
            "delegation": [],
            "id": "/subscriptions/99b79efe-ebd6-468c-b39f-5669acb259e1/resourceGroups/04-T1-www/providers/Microsoft.Network/virtualNetworks/www-vnet1/subnets/www-appgw",
            "ip_address_pool": [],
            "name": "www-appgw",
            "private_endpoint_network_policies": "Disabled",
            "private_link_service_network_policies_enabled": true,
            "resource_group_name": "04-T1-www",
            "service_endpoint_policy_ids": null,
            "service_endpoints": null,
            "sharing_scope": "",
            "timeouts": null,
            "virtual_network_name": "www-vnet1"
          },
          "sensitive_attributes": [],
          "identity_schema_version": 0,
          "identity": {
            "name": "www-appgw",
            "resource_group_name": "04-T1-www",
            "subscription_id": "99b79efe-ebd6-468c-b39f-5669acb259e1",
            "virtual_network_name": "www-vnet1"
          },
          "private": "eyJlMmJmYjczMC1lY2FhLTExZTYtOGY4OC0zNDM2M2JjN2M0YzAiOnsiY3JlYXRlIjoxODAwMDAwMDAwMDAwLCJkZWxldGUiOjE4MDAwMDAwMDAwMDAsInJlYWQiOjMwMDAwMDAwMDAwMCwidXBkYXRlIjoxODAwMDAwMDAwMDAwfX0=",
          "dependencies": [
            "azurerm_resource_group.www_rg",
            "azurerm_virtual_network.www_vnet1"
          ]
        }
      ]
    },
    {
      "mode": "managed",
      "type": "azurerm_subnet",
      "name": "www_bas",
      "provider": "provider[\"registry.terraform.io/hashicorp/azurerm\"]",
      "instances": [
        {
          "schema_version": 0,
          "attributes": {
            "address_prefixes": [
              "10.0.0.0/24"
            ],
            "default_outbound_access_enabled": true,
            "delegation": [],
            "id": "/subscriptions/99b79efe-ebd6-468c-b39f-5669acb259e1/resourceGroups/04-T1-www/providers/Microsoft.Network/virtualNetworks/www-vnet0/subnets/www-bas",
            "ip_address_pool": [],
            "name": "www-bas",
            "private_endpoint_network_policies": "Disabled",
            "private_link_service_network_policies_enabled": true,
            "resource_group_name": "04-T1-www",
            "service_endpoint_policy_ids": null,
            "service_endpoints": null,
            "sharing_scope": "",
            "timeouts": null,
            "virtual_network_name": "www-vnet0"
          },
          "sensitive_attributes": [],
          "identity_schema_version": 0,
          "identity": {
            "name": "www-bas",
            "resource_group_name": "04-T1-www",
            "subscription_id": "99b79efe-ebd6-468c-b39f-5669acb259e1",
            "virtual_network_name": "www-vnet0"
          },
          "private": "eyJlMmJmYjczMC1lY2FhLTExZTYtOGY4OC0zNDM2M2JjN2M0YzAiOnsiY3JlYXRlIjoxODAwMDAwMDAwMDAwLCJkZWxldGUiOjE4MDAwMDAwMDAwMDAsInJlYWQiOjMwMDAwMDAwMDAwMCwidXBkYXRlIjoxODAwMDAwMDAwMDAwfX0=",
          "dependencies": [
            "azurerm_resource_group.www_rg",
            "azurerm_virtual_network.www_vnet0"
          ]
        }
      ]
    },
    {
      "mode": "managed",
      "type": "azurerm_subnet",
      "name": "www_db",
      "provider": "provider[\"registry.terraform.io/hashicorp/azurerm\"]",
      "instances": [
        {
          "schema_version": 0,
          "attributes": {
            "address_prefixes": [
              "10.0.4.0/24"
            ],
            "default_outbound_access_enabled": false,
            "delegation": [],
            "id": "/subscriptions/99b79efe-ebd6-468c-b39f-5669acb259e1/resourceGroups/04-T1-www/providers/Microsoft.Network/virtualNetworks/www-vnet0/subnets/www-db",
            "ip_address_pool": [],
            "name": "www-db",
            "private_endpoint_network_policies": "Disabled",
            "private_link_service_network_policies_enabled": true,
            "resource_group_name": "04-T1-www",
            "service_endpoint_policy_ids": null,
            "service_endpoints": [
              "Microsoft.Storage"
            ],
            "sharing_scope": "",
            "timeouts": null,
            "virtual_network_name": "www-vnet0"
          },
          "sensitive_attributes": [],
          "identity_schema_version": 0,
          "identity": {
            "name": "www-db",
            "resource_group_name": "04-T1-www",
            "subscription_id": "99b79efe-ebd6-468c-b39f-5669acb259e1",
            "virtual_network_name": "www-vnet0"
          },
          "private": "eyJlMmJmYjczMC1lY2FhLTExZTYtOGY4OC0zNDM2M2JjN2M0YzAiOnsiY3JlYXRlIjoxODAwMDAwMDAwMDAwLCJkZWxldGUiOjE4MDAwMDAwMDAwMDAsInJlYWQiOjMwMDAwMDAwMDAwMCwidXBkYXRlIjoxODAwMDAwMDAwMDAwfX0=",
          "dependencies": [
            "azurerm_resource_group.www_rg",
            "azurerm_virtual_network.www_vnet0"
          ]
        }
      ]
    },
    {
      "mode": "managed",
      "type": "azurerm_subnet",
      "name": "www_nat",
      "provider": "provider[\"registry.terraform.io/hashicorp/azurerm\"]",
      "instances": [
        {
          "schema_version": 0,
          "attributes": {
            "address_prefixes": [
              "10.0.1.0/24"
            ],
            "default_outbound_access_enabled": true,
            "delegation": [],
            "id": "/subscriptions/99b79efe-ebd6-468c-b39f-5669acb259e1/resourceGroups/04-T1-www/providers/Microsoft.Network/virtualNetworks/www-vnet0/subnets/www-nat",
            "ip_address_pool": [],
            "name": "www-nat",
            "private_endpoint_network_policies": "Disabled",
            "private_link_service_network_policies_enabled": true,
            "resource_group_name": "04-T1-www",
            "service_endpoint_policy_ids": null,
            "service_endpoints": null,
            "sharing_scope": "",
            "timeouts": null,
            "virtual_network_name": "www-vnet0"
          },
          "sensitive_attributes": [],
          "identity_schema_version": 0,
          "identity": {
            "name": "www-nat",
            "resource_group_name": "04-T1-www",
            "subscription_id": "99b79efe-ebd6-468c-b39f-5669acb259e1",
            "virtual_network_name": "www-vnet0"
          },
          "private": "eyJlMmJmYjczMC1lY2FhLTExZTYtOGY4OC0zNDM2M2JjN2M0YzAiOnsiY3JlYXRlIjoxODAwMDAwMDAwMDAwLCJkZWxldGUiOjE4MDAwMDAwMDAwMDAsInJlYWQiOjMwMDAwMDAwMDAwMCwidXBkYXRlIjoxODAwMDAwMDAwMDAwfX0=",
          "dependencies": [
            "azurerm_resource_group.www_rg",
            "azurerm_virtual_network.www_vnet0"
          ]
        }
      ]
    },
    {
      "mode": "managed",
      "type": "azurerm_subnet",
      "name": "www_nat_v1",
      "provider": "provider[\"registry.terraform.io/hashicorp/azurerm\"]",
      "instances": [
        {
          "schema_version": 0,
          "attributes": {
            "address_prefixes": [
              "192.168.1.0/24"
            ],
            "default_outbound_access_enabled": true,
            "delegation": [],
            "id": "/subscriptions/99b79efe-ebd6-468c-b39f-5669acb259e1/resourceGroups/04-T1-www/providers/Microsoft.Network/virtualNetworks/www-vnet1/subnets/www-nat-v1",
            "ip_address_pool": [],
            "name": "www-nat-v1",
            "private_endpoint_network_policies": "Disabled",
            "private_link_service_network_policies_enabled": true,
            "resource_group_name": "04-T1-www",
            "service_endpoint_policy_ids": null,
            "service_endpoints": null,
            "sharing_scope": "",
            "timeouts": null,
            "virtual_network_name": "www-vnet1"
          },
          "sensitive_attributes": [],
          "identity_schema_version": 0,
          "identity": {
            "name": "www-nat-v1",
            "resource_group_name": "04-T1-www",
            "subscription_id": "99b79efe-ebd6-468c-b39f-5669acb259e1",
            "virtual_network_name": "www-vnet1"
          },
          "private": "eyJlMmJmYjczMC1lY2FhLTExZTYtOGY4OC0zNDM2M2JjN2M0YzAiOnsiY3JlYXRlIjoxODAwMDAwMDAwMDAwLCJkZWxldGUiOjE4MDAwMDAwMDAwMDAsInJlYWQiOjMwMDAwMDAwMDAwMCwidXBkYXRlIjoxODAwMDAwMDAwMDAwfX0=",
          "dependencies": [
            "azurerm_resource_group.www_rg",
            "azurerm_virtual_network.www_vnet1"
          ]
        }
      ]
    },
    {
      "mode": "managed",
      "type": "azurerm_subnet",
      "name": "www_vmss",
      "provider": "provider[\"registry.terraform.io/hashicorp/azurerm\"]",
      "instances": [
        {
          "schema_version": 0,
          "attributes": {
            "address_prefixes": [
              "192.168.4.0/24"
            ],
            "default_outbound_access_enabled": false,
            "delegation": [],
            "id": "/subscriptions/99b79efe-ebd6-468c-b39f-5669acb259e1/resourceGroups/04-T1-www/providers/Microsoft.Network/virtualNetworks/www-vnet1/subnets/www-vmss",
            "ip_address_pool": [],
            "name": "www-vmss",
            "private_endpoint_network_policies": "Disabled",
            "private_link_service_network_policies_enabled": true,
            "resource_group_name": "04-T1-www",
            "service_endpoint_policy_ids": null,
            "service_endpoints": null,
            "sharing_scope": "",
            "timeouts": null,
            "virtual_network_name": "www-vnet1"
          },
          "sensitive_attributes": [],
          "identity_schema_version": 0,
          "identity": {
            "name": "www-vmss",
            "resource_group_name": "04-T1-www",
            "subscription_id": "99b79efe-ebd6-468c-b39f-5669acb259e1",
            "virtual_network_name": "www-vnet1"
          },
          "private": "eyJlMmJmYjczMC1lY2FhLTExZTYtOGY4OC0zNDM2M2JjN2M0YzAiOnsiY3JlYXRlIjoxODAwMDAwMDAwMDAwLCJkZWxldGUiOjE4MDAwMDAwMDAwMDAsInJlYWQiOjMwMDAwMDAwMDAwMCwidXBkYXRlIjoxODAwMDAwMDAwMDAwfX0=",
          "dependencies": [
            "azurerm_resource_group.www_rg",
            "azurerm_virtual_network.www_vnet1"
          ]
        }
      ]
    },
    {
      "mode": "managed",
      "type": "azurerm_subnet",
      "name": "www_web1",
      "provider": "provider[\"registry.terraform.io/hashicorp/azurerm\"]",
      "instances": [
        {
          "schema_version": 0,
          "attributes": {
            "address_prefixes": [
              "10.0.2.0/24"
            ],
            "default_outbound_access_enabled": false,
            "delegation": [],
            "id": "/subscriptions/99b79efe-ebd6-468c-b39f-5669acb259e1/resourceGroups/04-T1-www/providers/Microsoft.Network/virtualNetworks/www-vnet0/subnets/www-web1",
            "ip_address_pool": [],
            "name": "www-web1",
            "private_endpoint_network_policies": "Disabled",
            "private_link_service_network_policies_enabled": true,
            "resource_group_name": "04-T1-www",
            "service_endpoint_policy_ids": null,
            "service_endpoints": null,
            "sharing_scope": "",
            "timeouts": null,
            "virtual_network_name": "www-vnet0"
          },
          "sensitive_attributes": [],
          "identity_schema_version": 0,
          "identity": {
            "name": "www-web1",
            "resource_group_name": "04-T1-www",
            "subscription_id": "99b79efe-ebd6-468c-b39f-5669acb259e1",
            "virtual_network_name": "www-vnet0"
          },
          "private": "eyJlMmJmYjczMC1lY2FhLTExZTYtOGY4OC0zNDM2M2JjN2M0YzAiOnsiY3JlYXRlIjoxODAwMDAwMDAwMDAwLCJkZWxldGUiOjE4MDAwMDAwMDAwMDAsInJlYWQiOjMwMDAwMDAwMDAwMCwidXBkYXRlIjoxODAwMDAwMDAwMDAwfX0=",
          "dependencies": [
            "azurerm_resource_group.www_rg",
            "azurerm_virtual_network.www_vnet0"
          ]
        }
      ]
    },
    {
      "mode": "managed",
      "type": "azurerm_subnet",
      "name": "www_web1_v1",
      "provider": "provider[\"registry.terraform.io/hashicorp/azurerm\"]",
      "instances": [
        {
          "schema_version": 0,
          "attributes": {
            "address_prefixes": [
              "192.168.2.0/24"
            ],
            "default_outbound_access_enabled": false,
            "delegation": [],
            "id": "/subscriptions/99b79efe-ebd6-468c-b39f-5669acb259e1/resourceGroups/04-T1-www/providers/Microsoft.Network/virtualNetworks/www-vnet1/subnets/www-web1-v1",
            "ip_address_pool": [],
            "name": "www-web1-v1",
            "private_endpoint_network_policies": "Disabled",
            "private_link_service_network_policies_enabled": true,
            "resource_group_name": "04-T1-www",
            "service_endpoint_policy_ids": null,
            "service_endpoints": null,
            "sharing_scope": "",
            "timeouts": null,
            "virtual_network_name": "www-vnet1"
          },
          "sensitive_attributes": [],
          "identity_schema_version": 0,
          "identity": {
            "name": "www-web1-v1",
            "resource_group_name": "04-T1-www",
            "subscription_id": "99b79efe-ebd6-468c-b39f-5669acb259e1",
            "virtual_network_name": "www-vnet1"
          },
          "private": "eyJlMmJmYjczMC1lY2FhLTExZTYtOGY4OC0zNDM2M2JjN2M0YzAiOnsiY3JlYXRlIjoxODAwMDAwMDAwMDAwLCJkZWxldGUiOjE4MDAwMDAwMDAwMDAsInJlYWQiOjMwMDAwMDAwMDAwMCwidXBkYXRlIjoxODAwMDAwMDAwMDAwfX0=",
          "dependencies": [
            "azurerm_resource_group.www_rg",
            "azurerm_virtual_network.www_vnet1"
          ]
        }
      ]
    },
    {
      "mode": "managed",
      "type": "azurerm_subnet",
      "name": "www_web2",
      "provider": "provider[\"registry.terraform.io/hashicorp/azurerm\"]",
      "instances": [
        {
          "schema_version": 0,
          "attributes": {
            "address_prefixes": [
              "10.0.3.0/24"
            ],
            "default_outbound_access_enabled": false,
            "delegation": [],
            "id": "/subscriptions/99b79efe-ebd6-468c-b39f-5669acb259e1/resourceGroups/04-T1-www/providers/Microsoft.Network/virtualNetworks/www-vnet0/subnets/www-web2",
            "ip_address_pool": [],
            "name": "www-web2",
            "private_endpoint_network_policies": "Disabled",
            "private_link_service_network_policies_enabled": true,
            "resource_group_name": "04-T1-www",
            "service_endpoint_policy_ids": null,
            "service_endpoints": null,
            "sharing_scope": "",
            "timeouts": null,
            "virtual_network_name": "www-vnet0"
          },
          "sensitive_attributes": [],
          "identity_schema_version": 0,
          "identity": {
            "name": "www-web2",
            "resource_group_name": "04-T1-www",
            "subscription_id": "99b79efe-ebd6-468c-b39f-5669acb259e1",
            "virtual_network_name": "www-vnet0"
          },
          "private": "eyJlMmJmYjczMC1lY2FhLTExZTYtOGY4OC0zNDM2M2JjN2M0YzAiOnsiY3JlYXRlIjoxODAwMDAwMDAwMDAwLCJkZWxldGUiOjE4MDAwMDAwMDAwMDAsInJlYWQiOjMwMDAwMDAwMDAwMCwidXBkYXRlIjoxODAwMDAwMDAwMDAwfX0=",
          "dependencies": [
            "azurerm_resource_group.www_rg",
            "azurerm_virtual_network.www_vnet0"
          ]
        }
      ]
    },
    {
      "mode": "managed",
      "type": "azurerm_subnet",
      "name": "www_web2_v1",
      "provider": "provider[\"registry.terraform.io/hashicorp/azurerm\"]",
      "instances": [
        {
          "schema_version": 0,
          "attributes": {
            "address_prefixes": [
              "192.168.3.0/24"
            ],
            "default_outbound_access_enabled": false,
            "delegation": [],
            "id": "/subscriptions/99b79efe-ebd6-468c-b39f-5669acb259e1/resourceGroups/04-T1-www/providers/Microsoft.Network/virtualNetworks/www-vnet1/subnets/www-web2-v1",
            "ip_address_pool": [],
            "name": "www-web2-v1",
            "private_endpoint_network_policies": "Disabled",
            "private_link_service_network_policies_enabled": true,
            "resource_group_name": "04-T1-www",
            "service_endpoint_policy_ids": null,
            "service_endpoints": null,
            "sharing_scope": "",
            "timeouts": null,
            "virtual_network_name": "www-vnet1"
          },
          "sensitive_attributes": [],
          "identity_schema_version": 0,
          "identity": {
            "name": "www-web2-v1",
            "resource_group_name": "04-T1-www",
            "subscription_id": "99b79efe-ebd6-468c-b39f-5669acb259e1",
            "virtual_network_name": "www-vnet1"
          },
          "private": "eyJlMmJmYjczMC1lY2FhLTExZTYtOGY4OC0zNDM2M2JjN2M0YzAiOnsiY3JlYXRlIjoxODAwMDAwMDAwMDAwLCJkZWxldGUiOjE4MDAwMDAwMDAwMDAsInJlYWQiOjMwMDAwMDAwMDAwMCwidXBkYXRlIjoxODAwMDAwMDAwMDAwfX0=",
          "dependencies": [
            "azurerm_resource_group.www_rg",
            "azurerm_virtual_network.www_vnet1"
          ]
        }
      ]
    },
    {
      "mode": "managed",
      "type": "azurerm_subnet_nat_gateway_association",
      "name": "www_natdb",
      "provider": "provider[\"registry.terraform.io/hashicorp/azurerm\"]",
      "instances": [
        {
          "schema_version": 0,
          "attributes": {
            "id": "/subscriptions/99b79efe-ebd6-468c-b39f-5669acb259e1/resourceGroups/04-T1-www/providers/Microsoft.Network/virtualNetworks/www-vnet0/subnets/www-db",
            "nat_gateway_id": "/subscriptions/99b79efe-ebd6-468c-b39f-5669acb259e1/resourceGroups/04-T1-www/providers/Microsoft.Network/natGateways/www-nat",
            "subnet_id": "/subscriptions/99b79efe-ebd6-468c-b39f-5669acb259e1/resourceGroups/04-T1-www/providers/Microsoft.Network/virtualNetworks/www-vnet0/subnets/www-db",
            "timeouts": null
          },
          "sensitive_attributes": [],
          "identity_schema_version": 0,
          "private": "eyJlMmJmYjczMC1lY2FhLTExZTYtOGY4OC0zNDM2M2JjN2M0YzAiOnsiY3JlYXRlIjoxODAwMDAwMDAwMDAwLCJkZWxldGUiOjE4MDAwMDAwMDAwMDAsInJlYWQiOjMwMDAwMDAwMDAwMH19",
          "dependencies": [
            "azurerm_nat_gateway.www_nat",
            "azurerm_resource_group.www_rg",
            "azurerm_subnet.www_db",
            "azurerm_virtual_network.www_vnet0"
          ]
        }
      ]
    },
    {
      "mode": "managed",
      "type": "azurerm_subnet_nat_gateway_association",
      "name": "www_natvmss",
      "provider": "provider[\"registry.terraform.io/hashicorp/azurerm\"]",
      "instances": [
        {
          "schema_version": 0,
          "attributes": {
            "id": "/subscriptions/99b79efe-ebd6-468c-b39f-5669acb259e1/resourceGroups/04-T1-www/providers/Microsoft.Network/virtualNetworks/www-vnet1/subnets/www-vmss",
            "nat_gateway_id": "/subscriptions/99b79efe-ebd6-468c-b39f-5669acb259e1/resourceGroups/04-T1-www/providers/Microsoft.Network/natGateways/www-nat-v1",
            "subnet_id": "/subscriptions/99b79efe-ebd6-468c-b39f-5669acb259e1/resourceGroups/04-T1-www/providers/Microsoft.Network/virtualNetworks/www-vnet1/subnets/www-vmss",
            "timeouts": null
          },
          "sensitive_attributes": [],
          "identity_schema_version": 0,
          "private": "eyJlMmJmYjczMC1lY2FhLTExZTYtOGY4OC0zNDM2M2JjN2M0YzAiOnsiY3JlYXRlIjoxODAwMDAwMDAwMDAwLCJkZWxldGUiOjE4MDAwMDAwMDAwMDAsInJlYWQiOjMwMDAwMDAwMDAwMH19",
          "dependencies": [
            "azurerm_nat_gateway.www_nat_v1",
            "azurerm_resource_group.www_rg",
            "azurerm_subnet.www_vmss",
            "azurerm_virtual_network.www_vnet1"
          ]
        }
      ]
    },
    {
      "mode": "managed",
      "type": "azurerm_subnet_nat_gateway_association",
      "name": "www_natweb1",
      "provider": "provider[\"registry.terraform.io/hashicorp/azurerm\"]",
      "instances": [
        {
          "schema_version": 0,
          "attributes": {
            "id": "/subscriptions/99b79efe-ebd6-468c-b39f-5669acb259e1/resourceGroups/04-T1-www/providers/Microsoft.Network/virtualNetworks/www-vnet0/subnets/www-web1",
            "nat_gateway_id": "/subscriptions/99b79efe-ebd6-468c-b39f-5669acb259e1/resourceGroups/04-T1-www/providers/Microsoft.Network/natGateways/www-nat",
            "subnet_id": "/subscriptions/99b79efe-ebd6-468c-b39f-5669acb259e1/resourceGroups/04-T1-www/providers/Microsoft.Network/virtualNetworks/www-vnet0/subnets/www-web1",
            "timeouts": null
          },
          "sensitive_attributes": [],
          "identity_schema_version": 0,
          "private": "eyJlMmJmYjczMC1lY2FhLTExZTYtOGY4OC0zNDM2M2JjN2M0YzAiOnsiY3JlYXRlIjoxODAwMDAwMDAwMDAwLCJkZWxldGUiOjE4MDAwMDAwMDAwMDAsInJlYWQiOjMwMDAwMDAwMDAwMH19",
          "dependencies": [
            "azurerm_nat_gateway.www_nat",
            "azurerm_resource_group.www_rg",
            "azurerm_subnet.www_web1",
            "azurerm_virtual_network.www_vnet0"
          ]
        }
      ]
    },
    {
      "mode": "managed",
      "type": "azurerm_subnet_nat_gateway_association",
      "name": "www_natweb1_v1",
      "provider": "provider[\"registry.terraform.io/hashicorp/azurerm\"]",
      "instances": [
        {
          "schema_version": 0,
          "attributes": {
            "id": "/subscriptions/99b79efe-ebd6-468c-b39f-5669acb259e1/resourceGroups/04-T1-www/providers/Microsoft.Network/virtualNetworks/www-vnet1/subnets/www-web1-v1",
            "nat_gateway_id": "/subscriptions/99b79efe-ebd6-468c-b39f-5669acb259e1/resourceGroups/04-T1-www/providers/Microsoft.Network/natGateways/www-nat-v1",
            "subnet_id": "/subscriptions/99b79efe-ebd6-468c-b39f-5669acb259e1/resourceGroups/04-T1-www/providers/Microsoft.Network/virtualNetworks/www-vnet1/subnets/www-web1-v1",
            "timeouts": null
          },
          "sensitive_attributes": [],
          "identity_schema_version": 0,
          "private": "eyJlMmJmYjczMC1lY2FhLTExZTYtOGY4OC0zNDM2M2JjN2M0YzAiOnsiY3JlYXRlIjoxODAwMDAwMDAwMDAwLCJkZWxldGUiOjE4MDAwMDAwMDAwMDAsInJlYWQiOjMwMDAwMDAwMDAwMH19",
          "dependencies": [
            "azurerm_nat_gateway.www_nat_v1",
            "azurerm_resource_group.www_rg",
            "azurerm_subnet.www_web1_v1",
            "azurerm_virtual_network.www_vnet1"
          ]
        }
      ]
    },
    {
      "mode": "managed",
      "type": "azurerm_subnet_nat_gateway_association",
      "name": "www_natweb2",
      "provider": "provider[\"registry.terraform.io/hashicorp/azurerm\"]",
      "instances": [
        {
          "schema_version": 0,
          "attributes": {
            "id": "/subscriptions/99b79efe-ebd6-468c-b39f-5669acb259e1/resourceGroups/04-T1-www/providers/Microsoft.Network/virtualNetworks/www-vnet0/subnets/www-web2",
            "nat_gateway_id": "/subscriptions/99b79efe-ebd6-468c-b39f-5669acb259e1/resourceGroups/04-T1-www/providers/Microsoft.Network/natGateways/www-nat",
            "subnet_id": "/subscriptions/99b79efe-ebd6-468c-b39f-5669acb259e1/resourceGroups/04-T1-www/providers/Microsoft.Network/virtualNetworks/www-vnet0/subnets/www-web2",
            "timeouts": null
          },
          "sensitive_attributes": [],
          "identity_schema_version": 0,
          "private": "eyJlMmJmYjczMC1lY2FhLTExZTYtOGY4OC0zNDM2M2JjN2M0YzAiOnsiY3JlYXRlIjoxODAwMDAwMDAwMDAwLCJkZWxldGUiOjE4MDAwMDAwMDAwMDAsInJlYWQiOjMwMDAwMDAwMDAwMH19",
          "dependencies": [
            "azurerm_nat_gateway.www_nat",
            "azurerm_resource_group.www_rg",
            "azurerm_subnet.www_web2",
            "azurerm_virtual_network.www_vnet0"
          ]
        }
      ]
    },
    {
      "mode": "managed",
      "type": "azurerm_subnet_nat_gateway_association",
      "name": "www_natweb2_v1",
      "provider": "provider[\"registry.terraform.io/hashicorp/azurerm\"]",
      "instances": [
        {
          "schema_version": 0,
          "attributes": {
            "id": "/subscriptions/99b79efe-ebd6-468c-b39f-5669acb259e1/resourceGroups/04-T1-www/providers/Microsoft.Network/virtualNetworks/www-vnet1/subnets/www-web2-v1",
            "nat_gateway_id": "/subscriptions/99b79efe-ebd6-468c-b39f-5669acb259e1/resourceGroups/04-T1-www/providers/Microsoft.Network/natGateways/www-nat-v1",
            "subnet_id": "/subscriptions/99b79efe-ebd6-468c-b39f-5669acb259e1/resourceGroups/04-T1-www/providers/Microsoft.Network/virtualNetworks/www-vnet1/subnets/www-web2-v1",
            "timeouts": null
          },
          "sensitive_attributes": [],
          "identity_schema_version": 0,
          "private": "eyJlMmJmYjczMC1lY2FhLTExZTYtOGY4OC0zNDM2M2JjN2M0YzAiOnsiY3JlYXRlIjoxODAwMDAwMDAwMDAwLCJkZWxldGUiOjE4MDAwMDAwMDAwMDAsInJlYWQiOjMwMDAwMDAwMDAwMH19",
          "dependencies": [
            "azurerm_nat_gateway.www_nat_v1",
            "azurerm_resource_group.www_rg",
            "azurerm_subnet.www_web2_v1",
            "azurerm_virtual_network.www_vnet1"
          ]
        }
      ]
    },
    {
      "mode": "managed",
      "type": "azurerm_subnet_network_security_group_association",
      "name": "www_asso_subnsg_bas",
      "provider": "provider[\"registry.terraform.io/hashicorp/azurerm\"]",
      "instances": [
        {
          "schema_version": 0,
          "attributes": {
            "id": "/subscriptions/99b79efe-ebd6-468c-b39f-5669acb259e1/resourceGroups/04-T1-www/providers/Microsoft.Network/virtualNetworks/www-vnet0/subnets/www-bas",
            "network_security_group_id": "/subscriptions/99b79efe-ebd6-468c-b39f-5669acb259e1/resourceGroups/04-T1-www/providers/Microsoft.Network/networkSecurityGroups/www_nsg_ssh",
            "subnet_id": "/subscriptions/99b79efe-ebd6-468c-b39f-5669acb259e1/resourceGroups/04-T1-www/providers/Microsoft.Network/virtualNetworks/www-vnet0/subnets/www-bas",
            "timeouts": null
          },
          "sensitive_attributes": [],
          "identity_schema_version": 0,
          "private": "eyJlMmJmYjczMC1lY2FhLTExZTYtOGY4OC0zNDM2M2JjN2M0YzAiOnsiY3JlYXRlIjoxODAwMDAwMDAwMDAwLCJkZWxldGUiOjE4MDAwMDAwMDAwMDAsInJlYWQiOjMwMDAwMDAwMDAwMH19",
          "dependencies": [
            "azurerm_network_security_group.www_nsg_ssh",
            "azurerm_resource_group.www_rg",
            "azurerm_subnet.www_bas",
            "azurerm_virtual_network.www_vnet0"
          ]
        }
      ]
    },
    {
      "mode": "managed",
      "type": "azurerm_subnet_network_security_group_association",
      "name": "www_asso_subnsg_db",
      "provider": "provider[\"registry.terraform.io/hashicorp/azurerm\"]",
      "instances": [
        {
          "schema_version": 0,
          "attributes": {
            "id": "/subscriptions/99b79efe-ebd6-468c-b39f-5669acb259e1/resourceGroups/04-T1-www/providers/Microsoft.Network/virtualNetworks/www-vnet0/subnets/www-db",
            "network_security_group_id": "/subscriptions/99b79efe-ebd6-468c-b39f-5669acb259e1/resourceGroups/04-T1-www/providers/Microsoft.Network/networkSecurityGroups/www_nsg_db",
            "subnet_id": "/subscriptions/99b79efe-ebd6-468c-b39f-5669acb259e1/resourceGroups/04-T1-www/providers/Microsoft.Network/virtualNetworks/www-vnet0/subnets/www-db",
            "timeouts": null
          },
          "sensitive_attributes": [],
          "identity_schema_version": 0,
          "private": "eyJlMmJmYjczMC1lY2FhLTExZTYtOGY4OC0zNDM2M2JjN2M0YzAiOnsiY3JlYXRlIjoxODAwMDAwMDAwMDAwLCJkZWxldGUiOjE4MDAwMDAwMDAwMDAsInJlYWQiOjMwMDAwMDAwMDAwMH19",
          "dependencies": [
            "azurerm_network_security_group.www_nsg_db",
            "azurerm_resource_group.www_rg",
            "azurerm_subnet.www_db",
            "azurerm_virtual_network.www_vnet0"
          ]
        }
      ]
    },
    {
      "mode": "managed",
      "type": "azurerm_subnet_network_security_group_association",
      "name": "www_asso_subnsg_web1",
      "provider": "provider[\"registry.terraform.io/hashicorp/azurerm\"]",
      "instances": [
        {
          "schema_version": 0,
          "attributes": {
            "id": "/subscriptions/99b79efe-ebd6-468c-b39f-5669acb259e1/resourceGroups/04-T1-www/providers/Microsoft.Network/virtualNetworks/www-vnet0/subnets/www-web1",
            "network_security_group_id": "/subscriptions/99b79efe-ebd6-468c-b39f-5669acb259e1/resourceGroups/04-T1-www/providers/Microsoft.Network/networkSecurityGroups/www_nsg_http",
            "subnet_id": "/subscriptions/99b79efe-ebd6-468c-b39f-5669acb259e1/resourceGroups/04-T1-www/providers/Microsoft.Network/virtualNetworks/www-vnet0/subnets/www-web1",
            "timeouts": null
          },
          "sensitive_attributes": [],
          "identity_schema_version": 0,
          "private": "eyJlMmJmYjczMC1lY2FhLTExZTYtOGY4OC0zNDM2M2JjN2M0YzAiOnsiY3JlYXRlIjoxODAwMDAwMDAwMDAwLCJkZWxldGUiOjE4MDAwMDAwMDAwMDAsInJlYWQiOjMwMDAwMDAwMDAwMH19",
          "dependencies": [
            "azurerm_network_security_group.www_nsg_http",
            "azurerm_resource_group.www_rg",
            "azurerm_subnet.www_web1",
            "azurerm_virtual_network.www_vnet0"
          ]
        }
      ]
    },
    {
      "mode": "managed",
      "type": "azurerm_subnet_network_security_group_association",
      "name": "www_asso_subnsg_web2",
      "provider": "provider[\"registry.terraform.io/hashicorp/azurerm\"]",
      "instances": [
        {
          "schema_version": 0,
          "attributes": {
            "id": "/subscriptions/99b79efe-ebd6-468c-b39f-5669acb259e1/resourceGroups/04-T1-www/providers/Microsoft.Network/virtualNetworks/www-vnet0/subnets/www-web2",
            "network_security_group_id": "/subscriptions/99b79efe-ebd6-468c-b39f-5669acb259e1/resourceGroups/04-T1-www/providers/Microsoft.Network/networkSecurityGroups/www_nsg_http",
            "subnet_id": "/subscriptions/99b79efe-ebd6-468c-b39f-5669acb259e1/resourceGroups/04-T1-www/providers/Microsoft.Network/virtualNetworks/www-vnet0/subnets/www-web2",
            "timeouts": null
          },
          "sensitive_attributes": [],
          "identity_schema_version": 0,
          "private": "eyJlMmJmYjczMC1lY2FhLTExZTYtOGY4OC0zNDM2M2JjN2M0YzAiOnsiY3JlYXRlIjoxODAwMDAwMDAwMDAwLCJkZWxldGUiOjE4MDAwMDAwMDAwMDAsInJlYWQiOjMwMDAwMDAwMDAwMH19",
          "dependencies": [
            "azurerm_network_security_group.www_nsg_http",
            "azurerm_resource_group.www_rg",
            "azurerm_subnet.www_web2",
            "azurerm_virtual_network.www_vnet0"
          ]
        }
      ]
    },
    {
      "mode": "managed",
      "type": "azurerm_subnet_network_security_group_association",
      "name": "www_v1_asso_subnsg_vmss",
      "provider": "provider[\"registry.terraform.io/hashicorp/azurerm\"]",
      "instances": [
        {
          "schema_version": 0,
          "attributes": {
            "id": "/subscriptions/99b79efe-ebd6-468c-b39f-5669acb259e1/resourceGroups/04-T1-www/providers/Microsoft.Network/virtualNetworks/www-vnet1/subnets/www-vmss",
            "network_security_group_id": "/subscriptions/99b79efe-ebd6-468c-b39f-5669acb259e1/resourceGroups/04-T1-www/providers/Microsoft.Network/networkSecurityGroups/www_v1_nsg_http",
            "subnet_id": "/subscriptions/99b79efe-ebd6-468c-b39f-5669acb259e1/resourceGroups/04-T1-www/providers/Microsoft.Network/virtualNetworks/www-vnet1/subnets/www-vmss",
            "timeouts": null
          },
          "sensitive_attributes": [],
          "identity_schema_version": 0,
          "private": "eyJlMmJmYjczMC1lY2FhLTExZTYtOGY4OC0zNDM2M2JjN2M0YzAiOnsiY3JlYXRlIjoxODAwMDAwMDAwMDAwLCJkZWxldGUiOjE4MDAwMDAwMDAwMDAsInJlYWQiOjMwMDAwMDAwMDAwMH19",
          "dependencies": [
            "azurerm_network_security_group.www_v1_nsg_http",
            "azurerm_resource_group.www_rg",
            "azurerm_subnet.www_vmss",
            "azurerm_virtual_network.www_vnet1"
          ]
        }
      ]
    },
    {
      "mode": "managed",
      "type": "azurerm_subnet_network_security_group_association",
      "name": "www_v1_asso_subnsg_web1",
      "provider": "provider[\"registry.terraform.io/hashicorp/azurerm\"]",
      "instances": [
        {
          "schema_version": 0,
          "attributes": {
            "id": "/subscriptions/99b79efe-ebd6-468c-b39f-5669acb259e1/resourceGroups/04-T1-www/providers/Microsoft.Network/virtualNetworks/www-vnet1/subnets/www-web1-v1",
            "network_security_group_id": "/subscriptions/99b79efe-ebd6-468c-b39f-5669acb259e1/resourceGroups/04-T1-www/providers/Microsoft.Network/networkSecurityGroups/www_v1_nsg_http",
            "subnet_id": "/subscriptions/99b79efe-ebd6-468c-b39f-5669acb259e1/resourceGroups/04-T1-www/providers/Microsoft.Network/virtualNetworks/www-vnet1/subnets/www-web1-v1",
            "timeouts": null
          },
          "sensitive_attributes": [],
          "identity_schema_version": 0,
          "private": "eyJlMmJmYjczMC1lY2FhLTExZTYtOGY4OC0zNDM2M2JjN2M0YzAiOnsiY3JlYXRlIjoxODAwMDAwMDAwMDAwLCJkZWxldGUiOjE4MDAwMDAwMDAwMDAsInJlYWQiOjMwMDAwMDAwMDAwMH19",
          "dependencies": [
            "azurerm_network_security_group.www_v1_nsg_http",
            "azurerm_resource_group.www_rg",
            "azurerm_subnet.www_web1_v1",
            "azurerm_virtual_network.www_vnet1"
          ]
        }
      ]
    },
    {
      "mode": "managed",
      "type": "azurerm_virtual_network",
      "name": "www_vnet0",
      "provider": "provider[\"registry.terraform.io/hashicorp/azurerm\"]",
      "instances": [
        {
          "schema_version": 0,
          "attributes": {
            "address_space": [
              "10.0.0.0/16"
            ],
            "bgp_community": "",
            "ddos_protection_plan": [],
            "dns_servers": [],
            "edge_zone": "",
            "encryption": [],
            "flow_timeout_in_minutes": 0,
            "guid": "69e7a1f4-8e19-47d1-ade4-7526c42ac31f",
            "id": "/subscriptions/99b79efe-ebd6-468c-b39f-5669acb259e1/resourceGroups/04-T1-www/providers/Microsoft.Network/virtualNetworks/www-vnet0",
            "ip_address_pool": [],
            "location": "koreacentral",
            "name": "www-vnet0",
            "private_endpoint_vnet_policies": "Disabled",
            "resource_group_name": "04-T1-www",
            "subnet": [],
            "tags": null,
            "timeouts": null
          },
          "sensitive_attributes": [],
          "identity_schema_version": 0,
          "identity": {
            "name": "www-vnet0",
            "resource_group_name": "04-T1-www",
            "subscription_id": "99b79efe-ebd6-468c-b39f-5669acb259e1"
          },
          "private": "eyJlMmJmYjczMC1lY2FhLTExZTYtOGY4OC0zNDM2M2JjN2M0YzAiOnsiY3JlYXRlIjoxODAwMDAwMDAwMDAwLCJkZWxldGUiOjE4MDAwMDAwMDAwMDAsInJlYWQiOjMwMDAwMDAwMDAwMCwidXBkYXRlIjoxODAwMDAwMDAwMDAwfX0=",
          "dependencies": [
            "azurerm_resource_group.www_rg"
          ]
        }
      ]
    },
    {
      "mode": "managed",
      "type": "azurerm_virtual_network",
      "name": "www_vnet1",
      "provider": "provider[\"registry.terraform.io/hashicorp/azurerm\"]",
      "instances": [
        {
          "schema_version": 0,
          "attributes": {
            "address_space": [
              "192.168.0.0/16"
            ],
            "bgp_community": "",
            "ddos_protection_plan": [],
            "dns_servers": [],
            "edge_zone": "",
            "encryption": [],
            "flow_timeout_in_minutes": 0,
            "guid": "4a58e47a-3034-4aca-9449-404e69e68484",
            "id": "/subscriptions/99b79efe-ebd6-468c-b39f-5669acb259e1/resourceGroups/04-T1-www/providers/Microsoft.Network/virtualNetworks/www-vnet1",
            "ip_address_pool": [],
            "location": "koreasouth",
            "name": "www-vnet1",
            "private_endpoint_vnet_policies": "Disabled",
            "resource_group_name": "04-T1-www",
            "subnet": [],
            "tags": null,
            "timeouts": null
          },
          "sensitive_attributes": [],
          "identity_schema_version": 0,
          "identity": {
            "name": "www-vnet1",
            "resource_group_name": "04-T1-www",
            "subscription_id": "99b79efe-ebd6-468c-b39f-5669acb259e1"
          },
          "private": "eyJlMmJmYjczMC1lY2FhLTExZTYtOGY4OC0zNDM2M2JjN2M0YzAiOnsiY3JlYXRlIjoxODAwMDAwMDAwMDAwLCJkZWxldGUiOjE4MDAwMDAwMDAwMDAsInJlYWQiOjMwMDAwMDAwMDAwMCwidXBkYXRlIjoxODAwMDAwMDAwMDAwfX0=",
          "dependencies": [
            "azurerm_resource_group.www_rg"
          ]
        }
      ]
    },
    {
      "mode": "managed",
      "type": "azurerm_virtual_network_peering",
      "name": "peer_ctr_sth",
      "provider": "provider[\"registry.terraform.io/hashicorp/azurerm\"]",
      "instances": [
        {
          "schema_version": 0,
          "attributes": {
            "allow_forwarded_traffic": false,
            "allow_gateway_transit": false,
            "allow_virtual_network_access": true,
            "id": "/subscriptions/99b79efe-ebd6-468c-b39f-5669acb259e1/resourceGroups/04-T1-www/providers/Microsoft.Network/virtualNetworks/www-vnet0/virtualNetworkPeerings/ctr-sth",
            "local_subnet_names": null,
            "name": "ctr-sth",
            "only_ipv6_peering_enabled": false,
            "peer_complete_virtual_networks_enabled": true,
            "remote_subnet_names": null,
            "remote_virtual_network_id": "/subscriptions/99b79efe-ebd6-468c-b39f-5669acb259e1/resourceGroups/04-T1-www/providers/Microsoft.Network/virtualNetworks/www-vnet1",
            "resource_group_name": "04-T1-www",
            "timeouts": null,
            "triggers": null,
            "use_remote_gateways": false,
            "virtual_network_name": "www-vnet0"
          },
          "sensitive_attributes": [],
          "identity_schema_version": 0,
          "private": "eyJlMmJmYjczMC1lY2FhLTExZTYtOGY4OC0zNDM2M2JjN2M0YzAiOnsiY3JlYXRlIjoxODAwMDAwMDAwMDAwLCJkZWxldGUiOjE4MDAwMDAwMDAwMDAsInJlYWQiOjMwMDAwMDAwMDAwMCwidXBkYXRlIjoxODAwMDAwMDAwMDAwfX0=",
          "dependencies": [
            "azurerm_resource_group.www_rg",
            "azurerm_virtual_network.www_vnet0",
            "azurerm_virtual_network.www_vnet1"
          ]
        }
      ]
    },
    {
      "mode": "managed",
      "type": "azurerm_virtual_network_peering",
      "name": "peer_sth_ctr",
      "provider": "provider[\"registry.terraform.io/hashicorp/azurerm\"]",
      "instances": [
        {
          "schema_version": 0,
          "attributes": {
            "allow_forwarded_traffic": false,
            "allow_gateway_transit": false,
            "allow_virtual_network_access": true,
            "id": "/subscriptions/99b79efe-ebd6-468c-b39f-5669acb259e1/resourceGroups/04-T1-www/providers/Microsoft.Network/virtualNetworks/www-vnet1/virtualNetworkPeerings/sth-ctr",
            "local_subnet_names": null,
            "name": "sth-ctr",
            "only_ipv6_peering_enabled": false,
            "peer_complete_virtual_networks_enabled": true,
            "remote_subnet_names": null,
            "remote_virtual_network_id": "/subscriptions/99b79efe-ebd6-468c-b39f-5669acb259e1/resourceGroups/04-T1-www/providers/Microsoft.Network/virtualNetworks/www-vnet0",
            "resource_group_name": "04-T1-www",
            "timeouts": null,
            "triggers": null,
            "use_remote_gateways": false,
            "virtual_network_name": "www-vnet1"
          },
          "sensitive_attributes": [],
          "identity_schema_version": 0,
          "private": "eyJlMmJmYjczMC1lY2FhLTExZTYtOGY4OC0zNDM2M2JjN2M0YzAiOnsiY3JlYXRlIjoxODAwMDAwMDAwMDAwLCJkZWxldGUiOjE4MDAwMDAwMDAwMDAsInJlYWQiOjMwMDAwMDAwMDAwMCwidXBkYXRlIjoxODAwMDAwMDAwMDAwfX0=",
          "dependencies": [
            "azurerm_resource_group.www_rg",
            "azurerm_virtual_network.www_vnet0",
            "azurerm_virtual_network.www_vnet1"
          ]
        }
      ]
    },
    {
      "mode": "managed",
      "type": "null_resource",
      "name": "www_web2_deallocate",
      "provider": "provider[\"registry.terraform.io/hashicorp/null\"]",
      "instances": [
        {
          "schema_version": 0,
          "attributes": {
            "id": "1918931555129052252",
            "triggers": {
              "virtual_machine_id": "/subscriptions/99b79efe-ebd6-468c-b39f-5669acb259e1/resourceGroups/04-T1-www/providers/Microsoft.Compute/virtualMachines/www-web2vm"
            }
          },
          "sensitive_attributes": [],
          "identity_schema_version": 0,
          "dependencies": [
            "azurerm_linux_virtual_machine.www_web2vm",
            "azurerm_network_interface.www_web2_nic",
            "azurerm_resource_group.www_rg",
            "azurerm_subnet.www_web2",
            "azurerm_virtual_network.www_vnet0"
          ]
        }
      ]
    },
    {
      "module": "module.database",
      "mode": "managed",
      "type": "azurerm_data_factory",
      "name": "www_adf",
      "provider": "provider[\"registry.terraform.io/hashicorp/azurerm\"]",
      "instances": [
        {
          "schema_version": 2,
          "attributes": {
            "customer_managed_key_id": "",
            "customer_managed_key_identity_id": "",
            "github_configuration": [],
            "global_parameter": [],
            "id": "/subscriptions/99b79efe-ebd6-468c-b39f-5669acb259e1/resourceGroups/04-T1-www/providers/Microsoft.DataFactory/factories/www-adf-6xud",
            "identity": [
              {
                "identity_ids": null,
                "principal_id": "679bd6ef-3e5e-4209-a929-a5eeed966c7d",
                "tenant_id": "548e9ef4-b1d5-48fa-b220-59f52d6db511",
                "type": "SystemAssigned"
              }
            ],
            "location": "koreacentral",
            "managed_virtual_network_enabled": false,
            "name": "www-adf-6xud",
            "public_network_enabled": true,
            "purview_id": "",
            "resource_group_name": "04-T1-www",
            "tags": {
              "purpose": "MySQL Backup Pipeline"
            },
            "timeouts": null,
            "vsts_configuration": []
          },
          "sensitive_attributes": [],
          "identity_schema_version": 0,
          "private": "eyJlMmJmYjczMC1lY2FhLTExZTYtOGY4OC0zNDM2M2JjN2M0YzAiOnsiY3JlYXRlIjoxODAwMDAwMDAwMDAwLCJkZWxldGUiOjE4MDAwMDAwMDAwMDAsInJlYWQiOjMwMDAwMDAwMDAwMCwidXBkYXRlIjoxODAwMDAwMDAwMDAwfSwic2NoZW1hX3ZlcnNpb24iOiIyIn0=",
          "dependencies": [
            "azurerm_resource_group.www_rg",
            "module.database.random_string.adf_suffix"
          ]
        }
      ]
    },
    {
      "module": "module.database",
      "mode": "managed",
      "type": "azurerm_data_factory_dataset_delimited_text",
      "name": "blob_dataset",
      "provider": "provider[\"registry.terraform.io/hashicorp/azurerm\"]",
      "instances": [
        {
          "schema_version": 0,
          "attributes": {
            "additional_properties": null,
            "annotations": null,
            "azure_blob_fs_location": [],
            "azure_blob_storage_location": [
              {
                "container": "mysql-backups",
                "dynamic_container_enabled": false,
                "dynamic_filename_enabled": false,
                "dynamic_path_enabled": false,
                "filename": "backup.csv",
                "path": ""
              }
            ],
            "column_delimiter": ",",
            "compression_codec": null,
            "compression_level": null,
            "data_factory_id": "/subscriptions/99b79efe-ebd6-468c-b39f-5669acb259e1/resourceGroups/04-T1-www/providers/Microsoft.DataFactory/factories/www-adf-6xud",
            "description": "",
            "encoding": "UTF-8",
            "escape_character": "\\",
            "first_row_as_header": true,
            "folder": null,
            "http_server_location": [],
            "id": "/subscriptions/99b79efe-ebd6-468c-b39f-5669acb259e1/resourceGroups/04-T1-www/providers/Microsoft.DataFactory/factories/www-adf-6xud/datasets/BlobBackupDataset",
            "linked_service_name": "BlobStorageDestination",
            "name": "BlobBackupDataset",
            "null_value": "",
            "parameters": null,
            "quote_character": "\"",
            "row_delimiter": "\n",
            "schema_column": [],
            "timeouts": null
          },
          "sensitive_attributes": [],
          "identity_schema_version": 0,
          "private": "eyJlMmJmYjczMC1lY2FhLTExZTYtOGY4OC0zNDM2M2JjN2M0YzAiOnsiY3JlYXRlIjoxODAwMDAwMDAwMDAwLCJkZWxldGUiOjE4MDAwMDAwMDAwMDAsInJlYWQiOjMwMDAwMDAwMDAwMCwidXBkYXRlIjoxODAwMDAwMDAwMDAwfX0=",
          "dependencies": [
            "azurerm_resource_group.www_rg",
            "azurerm_subnet.www_db",
            "azurerm_virtual_network.www_vnet0",
            "module.database.azurerm_data_factory.www_adf",
            "module.database.azurerm_data_factory_linked_service_azure_blob_storage.blob_dest",
            "module.database.random_string.adf_suffix",
            "module.storage.azurerm_storage_account.www_sa"
          ]
        }
      ]
    },
    {
      "module": "module.database",
      "mode": "managed",
      "type": "azurerm_data_factory_linked_service_azure_blob_storage",
      "name": "blob_dest",
      "provider": "provider[\"registry.terraform.io/hashicorp/azurerm\"]",
      "instances": [
        {
          "schema_version": 0,
          "attributes": {
            "additional_properties": null,
            "annotations": null,
            "connection_string": "DefaultEndpointsProtocol=https;AccountName=wwwstorewww004;AccountKey=yQ3Ls6MpwyLv+SOSDQruy2U582S8iYWEcvvd414DsZLs5PYZKxMvRzUN4uNpq62MRmQBmvMjVKxz+AStxqftkw==;EndpointSuffix=core.windows.net",
            "connection_string_insecure": null,
            "data_factory_id": "/subscriptions/99b79efe-ebd6-468c-b39f-5669acb259e1/resourceGroups/04-T1-www/providers/Microsoft.DataFactory/factories/www-adf-6xud",
            "description": "",
            "id": "/subscriptions/99b79efe-ebd6-468c-b39f-5669acb259e1/resourceGroups/04-T1-www/providers/Microsoft.DataFactory/factories/www-adf-6xud/linkedservices/BlobStorageDestination",
            "integration_runtime_name": null,
            "key_vault_sas_token": [],
            "name": "BlobStorageDestination",
            "parameters": null,
            "sas_uri": null,
            "service_endpoint": null,
            "service_principal_id": "",
            "service_principal_key": null,
            "service_principal_linked_key_vault_key": [],
            "storage_kind": "",
            "tenant_id": "",
            "timeouts": null,
            "use_managed_identity": false
          },
          "sensitive_attributes": [
            [
              {
                "type": "get_attr",
                "value": "connection_string"
              }
            ],
            [
              {
                "type": "get_attr",
                "value": "sas_uri"
              }
            ],
            [
              {
                "type": "get_attr",
                "value": "service_endpoint"
              }
            ]
          ],
          "identity_schema_version": 0,
          "private": "eyJlMmJmYjczMC1lY2FhLTExZTYtOGY4OC0zNDM2M2JjN2M0YzAiOnsiY3JlYXRlIjoxODAwMDAwMDAwMDAwLCJkZWxldGUiOjE4MDAwMDAwMDAwMDAsInJlYWQiOjMwMDAwMDAwMDAwMCwidXBkYXRlIjoxODAwMDAwMDAwMDAwfX0=",
          "dependencies": [
            "azurerm_resource_group.www_rg",
            "azurerm_subnet.www_db",
            "azurerm_virtual_network.www_vnet0",
            "module.database.azurerm_data_factory.www_adf",
            "module.database.random_string.adf_suffix",
            "module.storage.azurerm_storage_account.www_sa"
          ]
        }
      ]
    },
    {
      "module": "module.database",
      "mode": "managed",
      "type": "azurerm_log_analytics_workspace",
      "name": "log",
      "provider": "provider[\"registry.terraform.io/hashicorp/azurerm\"]",
      "instances": [
        {
          "schema_version": 3,
          "attributes": {
            "allow_resource_only_permissions": true,
            "cmk_for_query_forced": false,
            "daily_quota_gb": -1,
            "data_collection_rule_id": "",
            "id": "/subscriptions/99b79efe-ebd6-468c-b39f-5669acb259e1/resourceGroups/04-T1-www/providers/Microsoft.OperationalInsights/workspaces/www-log-analytics",
            "identity": [],
            "immediate_data_purge_on_30_days_enabled": false,
            "internet_ingestion_enabled": true,
            "internet_query_enabled": true,
            "local_authentication_disabled": false,
            "local_authentication_enabled": true,
            "location": "koreacentral",
            "name": "www-log-analytics",
            "primary_shared_key": "ytpq589ICzLeL5WhQ1EbJgSsWx3ouRuBX+wYsbmOLfU8DG0P1hQcB2Amw3aOq5OJBj7kj0arCSD89C7VnnnUKg==",
            "reservation_capacity_in_gb_per_day": null,
            "resource_group_name": "04-T1-www",
            "retention_in_days": 30,
            "secondary_shared_key": "Hx2tEO9l+MBMW6kuwglNhbn3mrSB9AAdNEe+/4HtlQdzDcX2PBd4rPiKHVHXZrEyd8DQj54Awki+hWso30JxuQ==",
            "sku": "PerGB2018",
            "tags": null,
            "timeouts": null,
            "workspace_id": "d9116d34-a3a5-4c55-9c5e-60d9508c7df6"
          },
          "sensitive_attributes": [
            [
              {
                "type": "get_attr",
                "value": "primary_shared_key"
              }
            ],
            [
              {
                "type": "get_attr",
                "value": "secondary_shared_key"
              }
            ]
          ],
          "identity_schema_version": 0,
          "private": "eyJlMmJmYjczMC1lY2FhLTExZTYtOGY4OC0zNDM2M2JjN2M0YzAiOnsiY3JlYXRlIjoxODAwMDAwMDAwMDAwLCJkZWxldGUiOjE4MDAwMDAwMDAwMDAsInJlYWQiOjMwMDAwMDAwMDAwMCwidXBkYXRlIjoxODAwMDAwMDAwMDAwfSwic2NoZW1hX3ZlcnNpb24iOiIzIn0=",
          "dependencies": [
            "azurerm_resource_group.www_rg"
          ]
        }
      ]
    },
    {
      "module": "module.database",
      "mode": "managed",
      "type": "azurerm_private_dns_zone",
      "name": "www_dns_zone",
      "provider": "provider[\"registry.terraform.io/hashicorp/azurerm\"]",
      "instances": [
        {
          "schema_version": 0,
          "attributes": {
            "id": "/subscriptions/99b79efe-ebd6-468c-b39f-5669acb259e1/resourceGroups/04-T1-www/providers/Microsoft.Network/privateDnsZones/privatelink.mysql.database.azure.com",
            "max_number_of_record_sets": 25000,
            "max_number_of_virtual_network_links": 1000,
            "max_number_of_virtual_network_links_with_registration": 100,
            "name": "privatelink.mysql.database.azure.com",
            "number_of_record_sets": 1,
            "resource_group_name": "04-T1-www",
            "soa_record": [
              {
                "email": "azureprivatedns-host.microsoft.com",
                "expire_time": 2419200,
                "fqdn": "privatelink.mysql.database.azure.com.",
                "host_name": "azureprivatedns.net",
                "minimum_ttl": 10,
                "refresh_time": 3600,
                "retry_time": 300,
                "serial_number": 1,
                "tags": {},
                "ttl": 3600
              }
            ],
            "tags": null,
            "timeouts": null
          },
          "sensitive_attributes": [],
          "identity_schema_version": 0,
          "identity": {
            "name": "privatelink.mysql.database.azure.com",
            "resource_group_name": "04-T1-www",
            "subscription_id": "99b79efe-ebd6-468c-b39f-5669acb259e1"
          },
          "private": "eyJlMmJmYjczMC1lY2FhLTExZTYtOGY4OC0zNDM2M2JjN2M0YzAiOnsiY3JlYXRlIjoxODAwMDAwMDAwMDAwLCJkZWxldGUiOjE4MDAwMDAwMDAwMDAsInJlYWQiOjMwMDAwMDAwMDAwMCwidXBkYXRlIjoxODAwMDAwMDAwMDAwfX0=",
          "dependencies": [
            "azurerm_resource_group.www_rg"
          ]
        }
      ]
    },
    {
      "module": "module.database",
      "mode": "managed",
      "type": "azurerm_private_dns_zone_virtual_network_link",
      "name": "www_dns_link",
      "provider": "provider[\"registry.terraform.io/hashicorp/azurerm\"]",
      "instances": [
        {
          "schema_version": 0,
          "attributes": {
            "id": "/subscriptions/99b79efe-ebd6-468c-b39f-5669acb259e1/resourceGroups/04-T1-www/providers/Microsoft.Network/privateDnsZones/privatelink.mysql.database.azure.com/virtualNetworkLinks/www-dns-link",
            "name": "www-dns-link",
            "private_dns_zone_name": "privatelink.mysql.database.azure.com",
            "registration_enabled": false,
            "resolution_policy": "Default",
            "resource_group_name": "04-T1-www",
            "tags": null,
            "timeouts": null,
            "virtual_network_id": "/subscriptions/99b79efe-ebd6-468c-b39f-5669acb259e1/resourceGroups/04-T1-www/providers/Microsoft.Network/virtualNetworks/www-vnet0"
          },
          "sensitive_attributes": [],
          "identity_schema_version": 0,
          "identity": {
            "name": "www-dns-link",
            "private_dns_zone_name": "privatelink.mysql.database.azure.com",
            "resource_group_name": "04-T1-www",
            "subscription_id": "99b79efe-ebd6-468c-b39f-5669acb259e1"
          },
          "private": "eyJlMmJmYjczMC1lY2FhLTExZTYtOGY4OC0zNDM2M2JjN2M0YzAiOnsiY3JlYXRlIjoxODAwMDAwMDAwMDAwLCJkZWxldGUiOjE4MDAwMDAwMDAwMDAsInJlYWQiOjMwMDAwMDAwMDAwMCwidXBkYXRlIjoxODAwMDAwMDAwMDAwfX0=",
          "dependencies": [
            "azurerm_resource_group.www_rg",
            "azurerm_virtual_network.www_vnet0",
            "module.database.azurerm_private_dns_zone.www_dns_zone"
          ]
        }
      ]
    },
    {
      "module": "module.database",
      "mode": "managed",
      "type": "azurerm_redis_cache",
      "name": "www_redis",
      "provider": "provider[\"registry.terraform.io/hashicorp/azurerm\"]",
      "instances": [
        {
          "schema_version": 1,
          "attributes": {
            "access_keys_authentication_enabled": true,
            "capacity": 0,
            "family": "C",
            "hostname": "www-redis-2yil.redis.cache.windows.net",
            "id": "/subscriptions/99b79efe-ebd6-468c-b39f-5669acb259e1/resourceGroups/04-T1-www/providers/Microsoft.Cache/redis/www-redis-2yil",
            "identity": [],
            "location": "koreacentral",
            "minimum_tls_version": "1.2",
            "name": "www-redis-2yil",
            "non_ssl_port_enabled": false,
            "patch_schedule": [],
            "port": 6379,
            "primary_access_key": "p5pyS3INoBfXFc1q9AMSzl1el147DtV9hAzCaJPPwnU=",
            "primary_connection_string": "www-redis-2yil.redis.cache.windows.net:6380,password=p5pyS3INoBfXFc1q9AMSzl1el147DtV9hAzCaJPPwnU=,ssl=true,abortConnect=False",
            "private_static_ip_address": "",
            "public_network_access_enabled": true,
            "redis_configuration": [
              {
                "active_directory_authentication_enabled": false,
                "aof_backup_enabled": false,
                "aof_storage_connection_string_0": "",
                "aof_storage_connection_string_1": "",
                "authentication_enabled": true,
                "data_persistence_authentication_method": "",
                "maxclients": 256,
                "maxfragmentationmemory_reserved": 30,
                "maxmemory_delta": 30,
                "maxmemory_policy": "volatile-lru",
                "maxmemory_reserved": 30,
                "notify_keyspace_events": "",
                "rdb_backup_enabled": false,
                "rdb_backup_frequency": 0,
                "rdb_backup_max_snapshot_count": 0,
                "rdb_storage_connection_string": "",
                "storage_account_subscription_id": ""
              }
            ],
            "redis_version": "6.0",
            "replicas_per_master": 0,
            "replicas_per_primary": 0,
            "resource_group_name": "04-T1-www",
            "secondary_access_key": "t03yOpkwRbNd4ZLNZ9Azzy0lQGHpYjZXbAzCaCjoPBA=",
            "secondary_connection_string": "www-redis-2yil.redis.cache.windows.net:6380,password=t03yOpkwRbNd4ZLNZ9Azzy0lQGHpYjZXbAzCaCjoPBA=,ssl=true,abortConnect=False",
            "shard_count": 0,
            "sku_name": "Basic",
            "ssl_port": 6380,
            "subnet_id": "",
            "tags": {
              "environment": "production",
              "team": "www"
            },
            "tenant_settings": null,
            "timeouts": null,
            "zones": null
          },
          "sensitive_attributes": [
            [
              {
                "type": "get_attr",
                "value": "primary_access_key"
              }
            ],
            [
              {
                "type": "get_attr",
                "value": "primary_connection_string"
              }
            ],
            [
              {
                "type": "get_attr",
                "value": "redis_configuration"
              },
              {
                "type": "index",
                "value": {
                  "value": 0,
                  "type": "number"
                }
              },
              {
                "type": "get_attr",
                "value": "aof_storage_connection_string_0"
              }
            ],
            [
              {
                "type": "get_attr",
                "value": "redis_configuration"
              },
              {
                "type": "index",
                "value": {
                  "value": 0,
                  "type": "number"
                }
              },
              {
                "type": "get_attr",
                "value": "aof_storage_connection_string_1"
              }
            ],
            [
              {
                "type": "get_attr",
                "value": "redis_configuration"
              },
              {
                "type": "index",
                "value": {
                  "value": 0,
                  "type": "number"
                }
              },
              {
                "type": "get_attr",
                "value": "rdb_storage_connection_string"
              }
            ],
            [
              {
                "type": "get_attr",
                "value": "secondary_access_key"
              }
            ],
            [
              {
                "type": "get_attr",
                "value": "secondary_connection_string"
              }
            ]
          ],
          "identity_schema_version": 0,
          "private": "eyJlMmJmYjczMC1lY2FhLTExZTYtOGY4OC0zNDM2M2JjN2M0YzAiOnsiY3JlYXRlIjoxMDgwMDAwMDAwMDAwMCwiZGVsZXRlIjoxMDgwMDAwMDAwMDAwMCwicmVhZCI6MzAwMDAwMDAwMDAwLCJ1cGRhdGUiOjEwODAwMDAwMDAwMDAwfSwic2NoZW1hX3ZlcnNpb24iOiIxIn0=",
          "dependencies": [
            "azurerm_resource_group.www_rg",
            "module.database.random_string.redis_suffix"
          ]
        }
      ]
    },
    {
      "module": "module.database",
      "mode": "managed",
      "type": "random_string",
      "name": "adf_suffix",
      "provider": "provider[\"registry.terraform.io/hashicorp/random\"]",
      "instances": [
        {
          "schema_version": 2,
          "attributes": {
            "id": "6xud",
            "keepers": null,
            "length": 4,
            "lower": true,
            "min_lower": 0,
            "min_numeric": 0,
            "min_special": 0,
            "min_upper": 0,
            "number": true,
            "numeric": true,
            "override_special": null,
            "result": "6xud",
            "special": false,
            "upper": false
          },
          "sensitive_attributes": [],
          "identity_schema_version": 0
        }
      ]
    },
    {
      "module": "module.database",
      "mode": "managed",
      "type": "random_string",
      "name": "mysql_suffix",
      "provider": "provider[\"registry.terraform.io/hashicorp/random\"]",
      "instances": [
        {
          "schema_version": 2,
          "attributes": {
            "id": "6m9j",
            "keepers": null,
            "length": 4,
            "lower": true,
            "min_lower": 0,
            "min_numeric": 0,
            "min_special": 0,
            "min_upper": 0,
            "number": true,
            "numeric": true,
            "override_special": null,
            "result": "6m9j",
            "special": false,
            "upper": false
          },
          "sensitive_attributes": [],
          "identity_schema_version": 0
        }
      ]
    },
    {
      "module": "module.database",
      "mode": "managed",
      "type": "random_string",
      "name": "redis_suffix",
      "provider": "provider[\"registry.terraform.io/hashicorp/random\"]",
      "instances": [
        {
          "schema_version": 2,
          "attributes": {
            "id": "2yil",
            "keepers": null,
            "length": 4,
            "lower": true,
            "min_lower": 0,
            "min_numeric": 0,
            "min_special": 0,
            "min_upper": 0,
            "number": true,
            "numeric": true,
            "override_special": null,
            "result": "2yil",
            "special": false,
            "upper": false
          },
          "sensitive_attributes": [],
          "identity_schema_version": 0
        }
      ]
    },
    {
      "module": "module.storage",
      "mode": "managed",
      "type": "azurerm_private_dns_zone",
      "name": "storage_dns_zone",
      "provider": "provider[\"registry.terraform.io/hashicorp/azurerm\"]",
      "instances": [
        {
          "schema_version": 0,
          "attributes": {
            "id": "/subscriptions/99b79efe-ebd6-468c-b39f-5669acb259e1/resourceGroups/04-T1-www/providers/Microsoft.Network/privateDnsZones/privatelink.blob.core.windows.net",
            "max_number_of_record_sets": 25000,
            "max_number_of_virtual_network_links": 1000,
            "max_number_of_virtual_network_links_with_registration": 100,
            "name": "privatelink.blob.core.windows.net",
            "number_of_record_sets": 1,
            "resource_group_name": "04-T1-www",
            "soa_record": [
              {
                "email": "azureprivatedns-host.microsoft.com",
                "expire_time": 2419200,
                "fqdn": "privatelink.blob.core.windows.net.",
                "host_name": "azureprivatedns.net",
                "minimum_ttl": 10,
                "refresh_time": 3600,
                "retry_time": 300,
                "serial_number": 1,
                "tags": {},
                "ttl": 3600
              }
            ],
            "tags": null,
            "timeouts": null
          },
          "sensitive_attributes": [],
          "identity_schema_version": 0,
          "identity": {
            "name": "privatelink.blob.core.windows.net",
            "resource_group_name": "04-T1-www",
            "subscription_id": "99b79efe-ebd6-468c-b39f-5669acb259e1"
          },
          "private": "eyJlMmJmYjczMC1lY2FhLTExZTYtOGY4OC0zNDM2M2JjN2M0YzAiOnsiY3JlYXRlIjoxODAwMDAwMDAwMDAwLCJkZWxldGUiOjE4MDAwMDAwMDAwMDAsInJlYWQiOjMwMDAwMDAwMDAwMCwidXBkYXRlIjoxODAwMDAwMDAwMDAwfX0=",
          "dependencies": [
            "azurerm_resource_group.www_rg"
          ]
        }
      ]
    },
    {
      "module": "module.storage",
      "mode": "managed",
      "type": "azurerm_private_dns_zone_virtual_network_link",
      "name": "storage_dns_link",
      "provider": "provider[\"registry.terraform.io/hashicorp/azurerm\"]",
      "instances": [
        {
          "schema_version": 0,
          "attributes": {
            "id": "/subscriptions/99b79efe-ebd6-468c-b39f-5669acb259e1/resourceGroups/04-T1-www/providers/Microsoft.Network/privateDnsZones/privatelink.blob.core.windows.net/virtualNetworkLinks/www-storage-dns-link",
            "name": "www-storage-dns-link",
            "private_dns_zone_name": "privatelink.blob.core.windows.net",
            "registration_enabled": false,
            "resolution_policy": "Default",
            "resource_group_name": "04-T1-www",
            "tags": null,
            "timeouts": null,
            "virtual_network_id": "/subscriptions/99b79efe-ebd6-468c-b39f-5669acb259e1/resourceGroups/04-T1-www/providers/Microsoft.Network/virtualNetworks/www-vnet0"
          },
          "sensitive_attributes": [],
          "identity_schema_version": 0,
          "identity": {
            "name": "www-storage-dns-link",
            "private_dns_zone_name": "privatelink.blob.core.windows.net",
            "resource_group_name": "04-T1-www",
            "subscription_id": "99b79efe-ebd6-468c-b39f-5669acb259e1"
          },
          "private": "eyJlMmJmYjczMC1lY2FhLTExZTYtOGY4OC0zNDM2M2JjN2M0YzAiOnsiY3JlYXRlIjoxODAwMDAwMDAwMDAwLCJkZWxldGUiOjE4MDAwMDAwMDAwMDAsInJlYWQiOjMwMDAwMDAwMDAwMCwidXBkYXRlIjoxODAwMDAwMDAwMDAwfX0=",
          "dependencies": [
            "azurerm_resource_group.www_rg",
            "azurerm_virtual_network.www_vnet0",
            "module.storage.azurerm_private_dns_zone.storage_dns_zone"
          ]
        }
      ]
    },
    {
      "module": "module.storage",
      "mode": "managed",
      "type": "azurerm_private_endpoint",
      "name": "storage_pe",
      "provider": "provider[\"registry.terraform.io/hashicorp/azurerm\"]",
      "instances": [
        {
          "schema_version": 0,
          "attributes": {
            "custom_dns_configs": [],
            "custom_network_interface_name": "",
            "id": "/subscriptions/99b79efe-ebd6-468c-b39f-5669acb259e1/resourceGroups/04-T1-www/providers/Microsoft.Network/privateEndpoints/www-storage-endpoint",
            "ip_configuration": [],
            "location": "koreacentral",
            "name": "www-storage-endpoint",
            "network_interface": [
              {
                "id": "/subscriptions/99b79efe-ebd6-468c-b39f-5669acb259e1/resourceGroups/04-T1-www/providers/Microsoft.Network/networkInterfaces/www-storage-endpoint.nic.5c1e729e-b076-4fc5-bb19-4680f7f7e136",
                "name": "www-storage-endpoint.nic.5c1e729e-b076-4fc5-bb19-4680f7f7e136"
              }
            ],
            "private_dns_zone_configs": [
              {
                "id": "/subscriptions/99b79efe-ebd6-468c-b39f-5669acb259e1/resourceGroups/04-T1-www/providers/Microsoft.Network/privateEndpoints/www-storage-endpoint/privateDnsZoneGroups/default/privateDnsZoneConfigs/privatelink.blob.core.windows.net",
                "name": "privatelink.blob.core.windows.net",
                "private_dns_zone_id": "/subscriptions/99b79efe-ebd6-468c-b39f-5669acb259e1/resourceGroups/04-T1-www/providers/Microsoft.Network/privateDnsZones/privatelink.blob.core.windows.net",
                "record_sets": [
                  {
                    "fqdn": "wwwstorewww004.privatelink.blob.core.windows.net",
                    "ip_addresses": [
                      "10.0.4.5"
                    ],
                    "name": "wwwstorewww004",
                    "ttl": 10,
                    "type": "A"
                  }
                ]
              }
            ],
            "private_dns_zone_group": [
              {
                "id": "/subscriptions/99b79efe-ebd6-468c-b39f-5669acb259e1/resourceGroups/04-T1-www/providers/Microsoft.Network/privateEndpoints/www-storage-endpoint/privateDnsZoneGroups/default",
                "name": "default",
                "private_dns_zone_ids": [
                  "/subscriptions/99b79efe-ebd6-468c-b39f-5669acb259e1/resourceGroups/04-T1-www/providers/Microsoft.Network/privateDnsZones/privatelink.blob.core.windows.net"
                ]
              }
            ],
            "private_service_connection": [
              {
                "is_manual_connection": false,
                "name": "www-storage-privatelink",
                "private_connection_resource_alias": "",
                "private_connection_resource_id": "/subscriptions/99b79efe-ebd6-468c-b39f-5669acb259e1/resourceGroups/04-T1-www/providers/Microsoft.Storage/storageAccounts/wwwstorewww004",
                "private_ip_address": "10.0.4.5",
                "request_message": "",
                "subresource_names": [
                  "blob"
                ]
              }
            ],
            "resource_group_name": "04-T1-www",
            "subnet_id": "/subscriptions/99b79efe-ebd6-468c-b39f-5669acb259e1/resourceGroups/04-T1-www/providers/Microsoft.Network/virtualNetworks/www-vnet0/subnets/www-db",
            "tags": null,
            "timeouts": null
          },
          "sensitive_attributes": [],
          "identity_schema_version": 0,
          "identity": {
            "name": "www-storage-endpoint",
            "resource_group_name": "04-T1-www",
            "subscription_id": "99b79efe-ebd6-468c-b39f-5669acb259e1"
          },
          "private": "eyJlMmJmYjczMC1lY2FhLTExZTYtOGY4OC0zNDM2M2JjN2M0YzAiOnsiY3JlYXRlIjozNjAwMDAwMDAwMDAwLCJkZWxldGUiOjM2MDAwMDAwMDAwMDAsInJlYWQiOjMwMDAwMDAwMDAwMCwidXBkYXRlIjozNjAwMDAwMDAwMDAwfX0=",
          "dependencies": [
            "azurerm_resource_group.www_rg",
            "azurerm_subnet.www_db",
            "azurerm_virtual_network.www_vnet0",
            "module.storage.azurerm_private_dns_zone.storage_dns_zone",
            "module.storage.azurerm_storage_account.www_sa"
          ]
        }
      ]
    },
    {
      "module": "module.storage",
      "mode": "managed",
      "type": "azurerm_storage_account",
      "name": "premium_sa",
      "provider": "provider[\"registry.terraform.io/hashicorp/azurerm\"]",
      "instances": [
        {
          "schema_version": 4,
          "attributes": {
            "access_tier": "",
            "account_kind": "BlockBlobStorage",
            "account_replication_type": "LRS",
            "account_tier": "Premium",
            "allow_nested_items_to_be_public": true,
            "allowed_copy_scope": "",
            "azure_files_authentication": [],
            "blob_properties": [
              {
                "change_feed_enabled": false,
                "change_feed_retention_in_days": 0,
                "container_delete_retention_policy": [],
                "cors_rule": [],
                "default_service_version": "",
                "delete_retention_policy": [],
                "last_access_time_enabled": false,
                "restore_policy": [],
                "versioning_enabled": false
              }
            ],
            "cross_tenant_replication_enabled": false,
            "custom_domain": [],
            "customer_managed_key": [],
            "default_to_oauth_authentication": false,
            "dns_endpoint_type": "Standard",
            "edge_zone": "",
            "https_traffic_only_enabled": true,
            "id": "/subscriptions/99b79efe-ebd6-468c-b39f-5669acb259e1/resourceGroups/04-T1-www/providers/Microsoft.Storage/storageAccounts/wwwpremiumsa8uihtr",
            "identity": [],
            "immutability_policy": [],
            "infrastructure_encryption_enabled": false,
            "is_hns_enabled": false,
            "large_file_share_enabled": false,
            "local_user_enabled": true,
            "location": "koreacentral",
            "min_tls_version": "TLS1_2",
            "name": "wwwpremiumsa8uihtr",
            "network_rules": [],
            "nfsv3_enabled": false,
            "primary_access_key": "az+JzFwaCkjZQ/0b6K0OVbn3z+D/yHoNDcmsSLB9QGmILsQX1djtTB2V7/J9LUrYb1hAtBEytLTS+AStwaKzxQ==",
            "primary_blob_connection_string": "DefaultEndpointsProtocol=https;BlobEndpoint=https://wwwpremiumsa8uihtr.blob.core.windows.net/;AccountName=wwwpremiumsa8uihtr;AccountKey=az+JzFwaCkjZQ/0b6K0OVbn3z+D/yHoNDcmsSLB9QGmILsQX1djtTB2V7/J9LUrYb1hAtBEytLTS+AStwaKzxQ==",
            "primary_blob_endpoint": "https://wwwpremiumsa8uihtr.blob.core.windows.net/",
            "primary_blob_host": "wwwpremiumsa8uihtr.blob.core.windows.net",
            "primary_blob_internet_endpoint": "",
            "primary_blob_internet_host": "",
            "primary_blob_microsoft_endpoint": "",
            "primary_blob_microsoft_host": "",
            "primary_connection_string": "DefaultEndpointsProtocol=https;AccountName=wwwpremiumsa8uihtr;AccountKey=az+JzFwaCkjZQ/0b6K0OVbn3z+D/yHoNDcmsSLB9QGmILsQX1djtTB2V7/J9LUrYb1hAtBEytLTS+AStwaKzxQ==;EndpointSuffix=core.windows.net",
            "primary_dfs_endpoint": "https://wwwpremiumsa8uihtr.dfs.core.windows.net/",
            "primary_dfs_host": "wwwpremiumsa8uihtr.dfs.core.windows.net",
            "primary_dfs_internet_endpoint": "",
            "primary_dfs_internet_host": "",
            "primary_dfs_microsoft_endpoint": "",
            "primary_dfs_microsoft_host": "",
            "primary_file_endpoint": "",
            "primary_file_host": "",
            "primary_file_internet_endpoint": "",
            "primary_file_internet_host": "",
            "primary_file_microsoft_endpoint": "",
            "primary_file_microsoft_host": "",
            "primary_location": "koreacentral",
            "primary_queue_endpoint": "",
            "primary_queue_host": "",
            "primary_queue_microsoft_endpoint": "",
            "primary_queue_microsoft_host": "",
            "primary_table_endpoint": "",
            "primary_table_host": "",
            "primary_table_microsoft_endpoint": "",
            "primary_table_microsoft_host": "",
            "primary_web_endpoint": "https://wwwpremiumsa8uihtr.z12.web.core.windows.net/",
            "primary_web_host": "wwwpremiumsa8uihtr.z12.web.core.windows.net",
            "primary_web_internet_endpoint": "",
            "primary_web_internet_host": "",
            "primary_web_microsoft_endpoint": "",
            "primary_web_microsoft_host": "",
            "provisioned_billing_model_version": "",
            "public_network_access_enabled": true,
            "queue_encryption_key_type": "Service",
            "queue_properties": [],
            "resource_group_name": "04-T1-www",
            "routing": [],
            "sas_policy": [],
            "secondary_access_key": "WlqeTgXa0K93KsMJheISP24/p6G8izZLRgUVtB0EMZRQ2O0m5T+PNlVU0hi+7tjlt1OfPLJvkRB9+AStOE7iew==",
            "secondary_blob_connection_string": "",
            "secondary_blob_endpoint": "",
            "secondary_blob_host": "",
            "secondary_blob_internet_endpoint": "",
            "secondary_blob_internet_host": "",
            "secondary_blob_microsoft_endpoint": "",
            "secondary_blob_microsoft_host": "",
            "secondary_connection_string": "DefaultEndpointsProtocol=https;AccountName=wwwpremiumsa8uihtr;AccountKey=WlqeTgXa0K93KsMJheISP24/p6G8izZLRgUVtB0EMZRQ2O0m5T+PNlVU0hi+7tjlt1OfPLJvkRB9+AStOE7iew==;EndpointSuffix=core.windows.net",
            "secondary_dfs_endpoint": "",
            "secondary_dfs_host": "",
            "secondary_dfs_internet_endpoint": "",
            "secondary_dfs_internet_host": "",
            "secondary_dfs_microsoft_endpoint": "",
            "secondary_dfs_microsoft_host": "",
            "secondary_file_endpoint": "",
            "secondary_file_host": "",
            "secondary_file_internet_endpoint": "",
            "secondary_file_internet_host": "",
            "secondary_file_microsoft_endpoint": "",
            "secondary_file_microsoft_host": "",
            "secondary_location": "",
            "secondary_queue_endpoint": "",
            "secondary_queue_host": "",
            "secondary_queue_microsoft_endpoint": "",
            "secondary_queue_microsoft_host": "",
            "secondary_table_endpoint": "",
            "secondary_table_host": "",
            "secondary_table_microsoft_endpoint": "",
            "secondary_table_microsoft_host": "",
            "secondary_web_endpoint": "",
            "secondary_web_host": "",
            "secondary_web_internet_endpoint": "",
            "secondary_web_internet_host": "",
            "secondary_web_microsoft_endpoint": "",
            "secondary_web_microsoft_host": "",
            "sftp_enabled": false,
            "share_properties": [],
            "shared_access_key_enabled": true,
            "static_website": [],
            "table_encryption_key_type": "Service",
            "tags": null,
            "timeouts": null
          },
          "sensitive_attributes": [
            [
              {
                "type": "get_attr",
                "value": "primary_access_key"
              }
            ],
            [
              {
                "type": "get_attr",
                "value": "primary_blob_connection_string"
              }
            ],
            [
              {
                "type": "get_attr",
                "value": "primary_connection_string"
              }
            ],
            [
              {
                "type": "get_attr",
                "value": "secondary_access_key"
              }
            ],
            [
              {
                "type": "get_attr",
                "value": "secondary_blob_connection_string"
              }
            ],
            [
              {
                "type": "get_attr",
                "value": "secondary_connection_string"
              }
            ]
          ],
          "identity_schema_version": 0,
          "identity": {
            "name": "wwwpremiumsa8uihtr",
            "resource_group_name": "04-T1-www",
            "subscription_id": "99b79efe-ebd6-468c-b39f-5669acb259e1"
          },
          "private": "eyJlMmJmYjczMC1lY2FhLTExZTYtOGY4OC0zNDM2M2JjN2M0YzAiOnsiY3JlYXRlIjozNjAwMDAwMDAwMDAwLCJkZWxldGUiOjM2MDAwMDAwMDAwMDAsInJlYWQiOjMwMDAwMDAwMDAwMCwidXBkYXRlIjozNjAwMDAwMDAwMDAwfSwic2NoZW1hX3ZlcnNpb24iOiI0In0=",
          "dependencies": [
            "azurerm_resource_group.www_rg",
            "module.storage.random_string.sa_suffix"
          ]
        }
      ]
    },
    {
      "module": "module.storage",
      "mode": "managed",
      "type": "azurerm_storage_account",
      "name": "www_sa",
      "provider": "provider[\"registry.terraform.io/hashicorp/azurerm\"]",
      "instances": [
        {
          "schema_version": 4,
          "attributes": {
            "access_tier": "Hot",
            "account_kind": "StorageV2",
            "account_replication_type": "GRS",
            "account_tier": "Standard",
            "allow_nested_items_to_be_public": true,
            "allowed_copy_scope": "",
            "azure_files_authentication": [],
            "blob_properties": [
              {
                "change_feed_enabled": false,
                "change_feed_retention_in_days": 0,
                "container_delete_retention_policy": [
                  {
                    "days": 7
                  }
                ],
                "cors_rule": [],
                "default_service_version": "",
                "delete_retention_policy": [
                  {
                    "days": 7,
                    "permanent_delete_enabled": false
                  }
                ],
                "last_access_time_enabled": false,
                "restore_policy": [],
                "versioning_enabled": true
              }
            ],
            "cross_tenant_replication_enabled": false,
            "custom_domain": [],
            "customer_managed_key": [],
            "default_to_oauth_authentication": false,
            "dns_endpoint_type": "Standard",
            "edge_zone": "",
            "https_traffic_only_enabled": true,
            "id": "/subscriptions/99b79efe-ebd6-468c-b39f-5669acb259e1/resourceGroups/04-T1-www/providers/Microsoft.Storage/storageAccounts/wwwstorewww004",
            "identity": [],
            "immutability_policy": [],
            "infrastructure_encryption_enabled": false,
            "is_hns_enabled": false,
            "large_file_share_enabled": false,
            "local_user_enabled": true,
            "location": "koreacentral",
            "min_tls_version": "TLS1_2",
            "name": "wwwstorewww004",
            "network_rules": [
              {
                "bypass": [
                  "AzureServices"
                ],
                "default_action": "Deny",
                "ip_rules": [
                  "61.108.60.26"
                ],
                "private_link_access": [],
                "virtual_network_subnet_ids": [
                  "/subscriptions/99b79efe-ebd6-468c-b39f-5669acb259e1/resourceGroups/04-T1-www/providers/Microsoft.Network/virtualNetworks/www-vnet0/subnets/www-db"
                ]
              }
            ],
            "nfsv3_enabled": false,
            "primary_access_key": "yQ3Ls6MpwyLv+SOSDQruy2U582S8iYWEcvvd414DsZLs5PYZKxMvRzUN4uNpq62MRmQBmvMjVKxz+AStxqftkw==",
            "primary_blob_connection_string": "DefaultEndpointsProtocol=https;BlobEndpoint=https://wwwstorewww004.blob.core.windows.net/;AccountName=wwwstorewww004;AccountKey=yQ3Ls6MpwyLv+SOSDQruy2U582S8iYWEcvvd414DsZLs5PYZKxMvRzUN4uNpq62MRmQBmvMjVKxz+AStxqftkw==",
            "primary_blob_endpoint": "https://wwwstorewww004.blob.core.windows.net/",
            "primary_blob_host": "wwwstorewww004.blob.core.windows.net",
            "primary_blob_internet_endpoint": "",
            "primary_blob_internet_host": "",
            "primary_blob_microsoft_endpoint": "",
            "primary_blob_microsoft_host": "",
            "primary_connection_string": "DefaultEndpointsProtocol=https;AccountName=wwwstorewww004;AccountKey=yQ3Ls6MpwyLv+SOSDQruy2U582S8iYWEcvvd414DsZLs5PYZKxMvRzUN4uNpq62MRmQBmvMjVKxz+AStxqftkw==;EndpointSuffix=core.windows.net",
            "primary_dfs_endpoint": "https://wwwstorewww004.dfs.core.windows.net/",
            "primary_dfs_host": "wwwstorewww004.dfs.core.windows.net",
            "primary_dfs_internet_endpoint": "",
            "primary_dfs_internet_host": "",
            "primary_dfs_microsoft_endpoint": "",
            "primary_dfs_microsoft_host": "",
            "primary_file_endpoint": "https://wwwstorewww004.file.core.windows.net/",
            "primary_file_host": "wwwstorewww004.file.core.windows.net",
            "primary_file_internet_endpoint": "",
            "primary_file_internet_host": "",
            "primary_file_microsoft_endpoint": "",
            "primary_file_microsoft_host": "",
            "primary_location": "koreacentral",
            "primary_queue_endpoint": "https://wwwstorewww004.queue.core.windows.net/",
            "primary_queue_host": "wwwstorewww004.queue.core.windows.net",
            "primary_queue_microsoft_endpoint": "",
            "primary_queue_microsoft_host": "",
            "primary_table_endpoint": "https://wwwstorewww004.table.core.windows.net/",
            "primary_table_host": "wwwstorewww004.table.core.windows.net",
            "primary_table_microsoft_endpoint": "",
            "primary_table_microsoft_host": "",
            "primary_web_endpoint": "https://wwwstorewww004.z12.web.core.windows.net/",
            "primary_web_host": "wwwstorewww004.z12.web.core.windows.net",
            "primary_web_internet_endpoint": "",
            "primary_web_internet_host": "",
            "primary_web_microsoft_endpoint": "",
            "primary_web_microsoft_host": "",
            "provisioned_billing_model_version": "",
            "public_network_access_enabled": true,
            "queue_encryption_key_type": "Service",
            "queue_properties": [
              {
                "cors_rule": [],
                "hour_metrics": [
                  {
                    "enabled": false,
                    "include_apis": false,
                    "retention_policy_days": 0,
                    "version": "1.0"
                  }
                ],
                "logging": [
                  {
                    "delete": false,
                    "read": false,
                    "retention_policy_days": 0,
                    "version": "1.0",
                    "write": false
                  }
                ],
                "minute_metrics": [
                  {
                    "enabled": false,
                    "include_apis": false,
                    "retention_policy_days": 0,
                    "version": "1.0"
                  }
                ]
              }
            ],
            "resource_group_name": "04-T1-www",
            "routing": [],
            "sas_policy": [],
            "secondary_access_key": "VaJF+lugv+NBz/HnDuUZTkhwpueZrr5+6NrzoVGI9XfmisQUF7+YLhkQhE+mIU6LZckSHCoZK9nR+AStpNX3LA==",
            "secondary_blob_connection_string": "",
            "secondary_blob_endpoint": "",
            "secondary_blob_host": "",
            "secondary_blob_internet_endpoint": "",
            "secondary_blob_internet_host": "",
            "secondary_blob_microsoft_endpoint": "",
            "secondary_blob_microsoft_host": "",
            "secondary_connection_string": "DefaultEndpointsProtocol=https;AccountName=wwwstorewww004;AccountKey=VaJF+lugv+NBz/HnDuUZTkhwpueZrr5+6NrzoVGI9XfmisQUF7+YLhkQhE+mIU6LZckSHCoZK9nR+AStpNX3LA==;EndpointSuffix=core.windows.net",
            "secondary_dfs_endpoint": "",
            "secondary_dfs_host": "",
            "secondary_dfs_internet_endpoint": "",
            "secondary_dfs_internet_host": "",
            "secondary_dfs_microsoft_endpoint": "",
            "secondary_dfs_microsoft_host": "",
            "secondary_file_endpoint": "",
            "secondary_file_host": "",
            "secondary_file_internet_endpoint": "",
            "secondary_file_internet_host": "",
            "secondary_file_microsoft_endpoint": "",
            "secondary_file_microsoft_host": "",
            "secondary_location": "koreasouth",
            "secondary_queue_endpoint": "",
            "secondary_queue_host": "",
            "secondary_queue_microsoft_endpoint": "",
            "secondary_queue_microsoft_host": "",
            "secondary_table_endpoint": "",
            "secondary_table_host": "",
            "secondary_table_microsoft_endpoint": "",
            "secondary_table_microsoft_host": "",
            "secondary_web_endpoint": "",
            "secondary_web_host": "",
            "secondary_web_internet_endpoint": "",
            "secondary_web_internet_host": "",
            "secondary_web_microsoft_endpoint": "",
            "secondary_web_microsoft_host": "",
            "sftp_enabled": false,
            "share_properties": [
              {
                "cors_rule": [],
                "retention_policy": [
                  {
                    "days": 7
                  }
                ],
                "smb": []
              }
            ],
            "shared_access_key_enabled": true,
            "static_website": [],
            "table_encryption_key_type": "Service",
            "tags": {
              "environment": "production",
              "team": "www"
            },
            "timeouts": null
          },
          "sensitive_attributes": [
            [
              {
                "type": "get_attr",
                "value": "primary_access_key"
              }
            ],
            [
              {
                "type": "get_attr",
                "value": "primary_blob_connection_string"
              }
            ],
            [
              {
                "type": "get_attr",
                "value": "primary_connection_string"
              }
            ],
            [
              {
                "type": "get_attr",
                "value": "secondary_access_key"
              }
            ],
            [
              {
                "type": "get_attr",
                "value": "secondary_blob_connection_string"
              }
            ],
            [
              {
                "type": "get_attr",
                "value": "secondary_connection_string"
              }
            ]
          ],
          "identity_schema_version": 0,
          "identity": {
            "name": "wwwstorewww004",
            "resource_group_name": "04-T1-www",
            "subscription_id": "99b79efe-ebd6-468c-b39f-5669acb259e1"
          },
          "private": "eyJlMmJmYjczMC1lY2FhLTExZTYtOGY4OC0zNDM2M2JjN2M0YzAiOnsiY3JlYXRlIjozNjAwMDAwMDAwMDAwLCJkZWxldGUiOjM2MDAwMDAwMDAwMDAsInJlYWQiOjMwMDAwMDAwMDAwMCwidXBkYXRlIjozNjAwMDAwMDAwMDAwfSwic2NoZW1hX3ZlcnNpb24iOiI0In0=",
          "dependencies": [
            "azurerm_resource_group.www_rg",
            "azurerm_subnet.www_db",
            "azurerm_virtual_network.www_vnet0"
          ]
        }
      ]
    },
    {
      "module": "module.storage",
      "mode": "managed",
      "type": "azurerm_storage_container",
      "name": "mysql_backups",
      "provider": "provider[\"registry.terraform.io/hashicorp/azurerm\"]",
      "instances": [
        {
          "schema_version": 1,
          "attributes": {
            "container_access_type": "private",
            "default_encryption_scope": "$account-encryption-key",
            "encryption_scope_override_enabled": true,
            "has_immutability_policy": false,
            "has_legal_hold": false,
            "id": "/subscriptions/99b79efe-ebd6-468c-b39f-5669acb259e1/resourceGroups/04-T1-www/providers/Microsoft.Storage/storageAccounts/wwwstorewww004/blobServices/default/containers/mysql-backups",
            "metadata": {},
            "name": "mysql-backups",
            "resource_manager_id": "/subscriptions/99b79efe-ebd6-468c-b39f-5669acb259e1/resourceGroups/04-T1-www/providers/Microsoft.Storage/storageAccounts/wwwstorewww004/blobServices/default/containers/mysql-backups",
            "storage_account_id": "/subscriptions/99b79efe-ebd6-468c-b39f-5669acb259e1/resourceGroups/04-T1-www/providers/Microsoft.Storage/storageAccounts/wwwstorewww004",
            "storage_account_name": "",
            "timeouts": null
          },
          "sensitive_attributes": [],
          "identity_schema_version": 0,
          "private": "eyJlMmJmYjczMC1lY2FhLTExZTYtOGY4OC0zNDM2M2JjN2M0YzAiOnsiY3JlYXRlIjoxODAwMDAwMDAwMDAwLCJkZWxldGUiOjE4MDAwMDAwMDAwMDAsInJlYWQiOjMwMDAwMDAwMDAwMCwidXBkYXRlIjoxODAwMDAwMDAwMDAwfSwic2NoZW1hX3ZlcnNpb24iOiIxIn0=",
          "dependencies": [
            "azurerm_resource_group.www_rg",
            "azurerm_subnet.www_db",
            "azurerm_virtual_network.www_vnet0",
            "module.storage.azurerm_storage_account.www_sa"
          ]
        }
      ]
    },
    {
      "module": "module.storage",
      "mode": "managed",
      "type": "azurerm_storage_container",
      "name": "wordpress_content",
      "provider": "provider[\"registry.terraform.io/hashicorp/azurerm\"]",
      "instances": [
        {
          "schema_version": 1,
          "attributes": {
            "container_access_type": "blob",
            "default_encryption_scope": "$account-encryption-key",
            "encryption_scope_override_enabled": true,
            "has_immutability_policy": false,
            "has_legal_hold": false,
            "id": "/subscriptions/99b79efe-ebd6-468c-b39f-5669acb259e1/resourceGroups/04-T1-www/providers/Microsoft.Storage/storageAccounts/wwwstorewww004/blobServices/default/containers/wordpress-content",
            "metadata": {},
            "name": "wordpress-content",
            "resource_manager_id": "/subscriptions/99b79efe-ebd6-468c-b39f-5669acb259e1/resourceGroups/04-T1-www/providers/Microsoft.Storage/storageAccounts/wwwstorewww004/blobServices/default/containers/wordpress-content",
            "storage_account_id": "/subscriptions/99b79efe-ebd6-468c-b39f-5669acb259e1/resourceGroups/04-T1-www/providers/Microsoft.Storage/storageAccounts/wwwstorewww004",
            "storage_account_name": "",
            "timeouts": null
          },
          "sensitive_attributes": [],
          "identity_schema_version": 0,
          "private": "eyJlMmJmYjczMC1lY2FhLTExZTYtOGY4OC0zNDM2M2JjN2M0YzAiOnsiY3JlYXRlIjoxODAwMDAwMDAwMDAwLCJkZWxldGUiOjE4MDAwMDAwMDAwMDAsInJlYWQiOjMwMDAwMDAwMDAwMCwidXBkYXRlIjoxODAwMDAwMDAwMDAwfSwic2NoZW1hX3ZlcnNpb24iOiIxIn0=",
          "dependencies": [
            "azurerm_resource_group.www_rg",
            "azurerm_subnet.www_db",
            "azurerm_virtual_network.www_vnet0",
            "module.storage.azurerm_storage_account.www_sa"
          ]
        }
      ]
    },
    {
      "module": "module.storage",
      "mode": "managed",
      "type": "azurerm_storage_container",
      "name": "www_container",
      "provider": "provider[\"registry.terraform.io/hashicorp/azurerm\"]",
      "instances": [
        {
          "schema_version": 1,
          "attributes": {
            "container_access_type": "private",
            "default_encryption_scope": "$account-encryption-key",
            "encryption_scope_override_enabled": true,
            "has_immutability_policy": false,
            "has_legal_hold": false,
            "id": "/subscriptions/99b79efe-ebd6-468c-b39f-5669acb259e1/resourceGroups/04-T1-www/providers/Microsoft.Storage/storageAccounts/wwwstorewww004/blobServices/default/containers/www-files",
            "metadata": {},
            "name": "www-files",
            "resource_manager_id": "/subscriptions/99b79efe-ebd6-468c-b39f-5669acb259e1/resourceGroups/04-T1-www/providers/Microsoft.Storage/storageAccounts/wwwstorewww004/blobServices/default/containers/www-files",
            "storage_account_id": "/subscriptions/99b79efe-ebd6-468c-b39f-5669acb259e1/resourceGroups/04-T1-www/providers/Microsoft.Storage/storageAccounts/wwwstorewww004",
            "storage_account_name": "",
            "timeouts": null
          },
          "sensitive_attributes": [],
          "identity_schema_version": 0,
          "private": "eyJlMmJmYjczMC1lY2FhLTExZTYtOGY4OC0zNDM2M2JjN2M0YzAiOnsiY3JlYXRlIjoxODAwMDAwMDAwMDAwLCJkZWxldGUiOjE4MDAwMDAwMDAwMDAsInJlYWQiOjMwMDAwMDAwMDAwMCwidXBkYXRlIjoxODAwMDAwMDAwMDAwfSwic2NoZW1hX3ZlcnNpb24iOiIxIn0=",
          "dependencies": [
            "azurerm_resource_group.www_rg",
            "azurerm_subnet.www_db",
            "azurerm_virtual_network.www_vnet0",
            "module.storage.azurerm_storage_account.www_sa"
          ]
        }
      ]
    },
    {
      "module": "module.storage",
      "mode": "managed",
      "type": "azurerm_storage_container",
      "name": "www_media",
      "provider": "provider[\"registry.terraform.io/hashicorp/azurerm\"]",
      "instances": [
        {
          "schema_version": 1,
          "attributes": {
            "container_access_type": "private",
            "default_encryption_scope": "$account-encryption-key",
            "encryption_scope_override_enabled": true,
            "has_immutability_policy": false,
            "has_legal_hold": false,
            "id": "/subscriptions/99b79efe-ebd6-468c-b39f-5669acb259e1/resourceGroups/04-T1-www/providers/Microsoft.Storage/storageAccounts/wwwstorewww004/blobServices/default/containers/media",
            "metadata": {},
            "name": "media",
            "resource_manager_id": "/subscriptions/99b79efe-ebd6-468c-b39f-5669acb259e1/resourceGroups/04-T1-www/providers/Microsoft.Storage/storageAccounts/wwwstorewww004/blobServices/default/containers/media",
            "storage_account_id": "/subscriptions/99b79efe-ebd6-468c-b39f-5669acb259e1/resourceGroups/04-T1-www/providers/Microsoft.Storage/storageAccounts/wwwstorewww004",
            "storage_account_name": "",
            "timeouts": null
          },
          "sensitive_attributes": [],
          "identity_schema_version": 0,
          "private": "eyJlMmJmYjczMC1lY2FhLTExZTYtOGY4OC0zNDM2M2JjN2M0YzAiOnsiY3JlYXRlIjoxODAwMDAwMDAwMDAwLCJkZWxldGUiOjE4MDAwMDAwMDAwMDAsInJlYWQiOjMwMDAwMDAwMDAwMCwidXBkYXRlIjoxODAwMDAwMDAwMDAwfSwic2NoZW1hX3ZlcnNpb24iOiIxIn0=",
          "dependencies": [
            "azurerm_resource_group.www_rg",
            "azurerm_subnet.www_db",
            "azurerm_virtual_network.www_vnet0",
            "module.storage.azurerm_storage_account.www_sa"
          ]
        }
      ]
    },
    {
      "module": "module.storage",
      "mode": "managed",
      "type": "azurerm_storage_container",
      "name": "www_tfstate",
      "provider": "provider[\"registry.terraform.io/hashicorp/azurerm\"]",
      "instances": [
        {
          "schema_version": 1,
          "attributes": {
            "container_access_type": "private",
            "default_encryption_scope": "$account-encryption-key",
            "encryption_scope_override_enabled": true,
            "has_immutability_policy": false,
            "has_legal_hold": false,
            "id": "/subscriptions/99b79efe-ebd6-468c-b39f-5669acb259e1/resourceGroups/04-T1-www/providers/Microsoft.Storage/storageAccounts/wwwstorewww004/blobServices/default/containers/tfstate",
            "metadata": {},
            "name": "tfstate",
            "resource_manager_id": "/subscriptions/99b79efe-ebd6-468c-b39f-5669acb259e1/resourceGroups/04-T1-www/providers/Microsoft.Storage/storageAccounts/wwwstorewww004/blobServices/default/containers/tfstate",
            "storage_account_id": "/subscriptions/99b79efe-ebd6-468c-b39f-5669acb259e1/resourceGroups/04-T1-www/providers/Microsoft.Storage/storageAccounts/wwwstorewww004",
            "storage_account_name": "",
            "timeouts": null
          },
          "sensitive_attributes": [],
          "identity_schema_version": 0,
          "private": "eyJlMmJmYjczMC1lY2FhLTExZTYtOGY4OC0zNDM2M2JjN2M0YzAiOnsiY3JlYXRlIjoxODAwMDAwMDAwMDAwLCJkZWxldGUiOjE4MDAwMDAwMDAwMDAsInJlYWQiOjMwMDAwMDAwMDAwMCwidXBkYXRlIjoxODAwMDAwMDAwMDAwfSwic2NoZW1hX3ZlcnNpb24iOiIxIn0=",
          "dependencies": [
            "azurerm_resource_group.www_rg",
            "azurerm_subnet.www_db",
            "azurerm_virtual_network.www_vnet0",
            "module.storage.azurerm_storage_account.www_sa"
          ]
        }
      ]
    },
    {
      "module": "module.storage",
      "mode": "managed",
      "type": "azurerm_storage_management_policy",
      "name": "www_policy",
      "provider": "provider[\"registry.terraform.io/hashicorp/azurerm\"]",
      "instances": [
        {
          "schema_version": 0,
          "attributes": {
            "id": "/subscriptions/99b79efe-ebd6-468c-b39f-5669acb259e1/resourceGroups/04-T1-www/providers/Microsoft.Storage/storageAccounts/wwwstorewww004/managementPolicies/default",
            "rule": [
              {
                "actions": [
                  {
                    "base_blob": [
                      {
                        "auto_tier_to_hot_from_cool_enabled": false,
                        "delete_after_days_since_creation_greater_than": -1,
                        "delete_after_days_since_last_access_time_greater_than": -1,
                        "delete_after_days_since_modification_greater_than": 365,
                        "tier_to_archive_after_days_since_creation_greater_than": -1,
                        "tier_to_archive_after_days_since_last_access_time_greater_than": -1,
                        "tier_to_archive_after_days_since_last_tier_change_greater_than": -1,
                        "tier_to_archive_after_days_since_modification_greater_than": 90,
                        "tier_to_cold_after_days_since_creation_greater_than": -1,
                        "tier_to_cold_after_days_since_last_access_time_greater_than": -1,
                        "tier_to_cold_after_days_since_modification_greater_than": -1,
                        "tier_to_cool_after_days_since_creation_greater_than": -1,
                        "tier_to_cool_after_days_since_last_access_time_greater_than": -1,
                        "tier_to_cool_after_days_since_modification_greater_than": 30
                      }
                    ],
                    "snapshot": [],
                    "version": []
                  }
                ],
                "enabled": true,
                "filters": [
                  {
                    "blob_types": [
                      "blockBlob"
                    ],
                    "match_blob_index_tag": [],
                    "prefix_match": [
                      "media/"
                    ]
                  }
                ],
                "name": "cleanup-old-files"
              }
            ],
            "storage_account_id": "/subscriptions/99b79efe-ebd6-468c-b39f-5669acb259e1/resourceGroups/04-T1-www/providers/Microsoft.Storage/storageAccounts/wwwstorewww004",
            "timeouts": null
          },
          "sensitive_attributes": [],
          "identity_schema_version": 0,
          "private": "eyJlMmJmYjczMC1lY2FhLTExZTYtOGY4OC0zNDM2M2JjN2M0YzAiOnsiY3JlYXRlIjoxODAwMDAwMDAwMDAwLCJkZWxldGUiOjE4MDAwMDAwMDAwMDAsInJlYWQiOjMwMDAwMDAwMDAwMCwidXBkYXRlIjoxODAwMDAwMDAwMDAwfX0=",
          "dependencies": [
            "azurerm_resource_group.www_rg",
            "azurerm_subnet.www_db",
            "azurerm_virtual_network.www_vnet0",
            "module.storage.azurerm_storage_account.www_sa"
          ]
        }
      ]
    },
    {
      "module": "module.storage",
      "mode": "managed",
      "type": "azurerm_storage_share",
      "name": "share",
      "provider": "provider[\"registry.terraform.io/hashicorp/azurerm\"]",
      "instances": [
        {
          "schema_version": 2,
          "attributes": {
            "access_tier": "TransactionOptimized",
            "acl": [],
            "enabled_protocol": "SMB",
            "id": "/subscriptions/99b79efe-ebd6-468c-b39f-5669acb259e1/resourceGroups/04-T1-www/providers/Microsoft.Storage/storageAccounts/wwwstorewww004/fileServices/default/shares/www-share",
            "metadata": {},
            "name": "www-share",
            "quota": 50,
            "resource_manager_id": "/subscriptions/99b79efe-ebd6-468c-b39f-5669acb259e1/resourceGroups/04-T1-www/providers/Microsoft.Storage/storageAccounts/wwwstorewww004/fileServices/default/shares/www-share",
            "storage_account_id": "/subscriptions/99b79efe-ebd6-468c-b39f-5669acb259e1/resourceGroups/04-T1-www/providers/Microsoft.Storage/storageAccounts/wwwstorewww004",
            "storage_account_name": "",
            "timeouts": null,
            "url": "https://wwwstorewww004.file.core.windows.net/www-share"
          },
          "sensitive_attributes": [],
          "identity_schema_version": 0,
          "private": "eyJlMmJmYjczMC1lY2FhLTExZTYtOGY4OC0zNDM2M2JjN2M0YzAiOnsiY3JlYXRlIjoxODAwMDAwMDAwMDAwLCJkZWxldGUiOjE4MDAwMDAwMDAwMDAsInJlYWQiOjMwMDAwMDAwMDAwMCwidXBkYXRlIjoxODAwMDAwMDAwMDAwfSwic2NoZW1hX3ZlcnNpb24iOiIyIn0=",
          "dependencies": [
            "azurerm_resource_group.www_rg",
            "azurerm_subnet.www_db",
            "azurerm_virtual_network.www_vnet0",
            "module.storage.azurerm_storage_account.www_sa"
          ]
        }
      ]
    },
    {
      "module": "module.storage",
      "mode": "managed",
      "type": "random_string",
      "name": "sa_suffix",
      "provider": "provider[\"registry.terraform.io/hashicorp/random\"]",
      "instances": [
        {
          "schema_version": 2,
          "attributes": {
            "id": "8uihtr",
            "keepers": null,
            "length": 6,
            "lower": true,
            "min_lower": 0,
            "min_numeric": 0,
            "min_special": 0,
            "min_upper": 0,
            "number": true,
            "numeric": true,
            "override_special": null,
            "result": "8uihtr",
            "special": false,
            "upper": false
          },
          "sensitive_attributes": [],
          "identity_schema_version": 0
        }
      ]
    }
  ],
  "check_results": null
}
