{
  "version": 4,
  "terraform_version": "1.13.5",
  "serial": 1098,
  "lineage": "975e2d59-b08c-89cf-209b-61f00f74b213",
  "outputs": {
    "app_pub_ip": {
      "value": "20.214.57.53",
      "type": "string"
    },
    "bas_pub_ip": {
      "value": "20.196.209.234",
      "type": "string"
    },
    "nat_pub_ip": {
      "value": "20.214.167.76",
      "type": "string"
    },
    "nat_v1_pub_ip": {
      "value": "20.214.34.12",
      "type": "string"
    }
  },
  "resources": [
    {
      "mode": "data",
      "type": "azuread_user",
      "name": "compute_admin",
      "provider": "provider[\"registry.terraform.io/hashicorp/azuread\"]",
      "instances": [
        {
          "schema_version": 0,
          "attributes": {
            "account_enabled": true,
            "age_group": "",
            "business_phones": [],
            "city": "",
            "company_name": "",
            "consent_provided_for_minor": "",
            "cost_center": null,
            "country": "",
            "creation_type": "",
            "department": "",
            "display_name": "배하영",
            "division": null,
            "employee_hire_date": "",
            "employee_id": "",
            "employee_type": "",
            "external_user_state": "",
            "fax_number": "",
            "given_name": "",
            "id": "/users/5a54cace-68ce-40f1-b485-b32a226e50e5",
            "im_addresses": [],
            "job_title": "",
            "mail": "",
            "mail_nickname": "student11",
            "manager_id": "",
            "mobile_phone": "",
            "object_id": "5a54cace-68ce-40f1-b485-b32a226e50e5",
            "office_location": "",
            "onpremises_distinguished_name": "",
            "onpremises_domain_name": "",
            "onpremises_immutable_id": "",
            "onpremises_sam_account_name": "",
            "onpremises_security_identifier": "",
            "onpremises_sync_enabled": false,
            "onpremises_user_principal_name": "",
            "other_mails": [],
            "postal_code": "",
            "preferred_language": "",
            "proxy_addresses": [],
            "show_in_address_list": false,
            "state": "",
            "street_address": "",
            "surname": "",
            "timeouts": null,
            "usage_location": "",
            "user_principal_name": "student411@mscsschool.onmicrosoft.com",
            "user_type": "Member"
          },
          "sensitive_attributes": [],
          "identity_schema_version": 0
        }
      ]
    },
    {
      "mode": "data",
      "type": "azuread_user",
      "name": "db_admin",
      "provider": "provider[\"registry.terraform.io/hashicorp/azuread\"]",
      "instances": [
        {
          "schema_version": 0,
          "attributes": {
            "account_enabled": true,
            "age_group": "",
            "business_phones": [],
            "city": "",
            "company_name": "",
            "consent_provided_for_minor": "",
            "cost_center": null,
            "country": "",
            "creation_type": "",
            "department": "",
            "display_name": "이두경",
            "division": null,
            "employee_hire_date": "",
            "employee_id": "",
            "employee_type": "",
            "external_user_state": "",
            "fax_number": "",
            "given_name": "",
            "id": "/users/492131b6-671b-43f1-ac1e-db6a26222569",
            "im_addresses": [],
            "job_title": "",
            "mail": "",
            "mail_nickname": "student421",
            "manager_id": "",
            "mobile_phone": "",
            "object_id": "492131b6-671b-43f1-ac1e-db6a26222569",
            "office_location": "",
            "onpremises_distinguished_name": "",
            "onpremises_domain_name": "",
            "onpremises_immutable_id": "",
            "onpremises_sam_account_name": "",
            "onpremises_security_identifier": "",
            "onpremises_sync_enabled": false,
            "onpremises_user_principal_name": "",
            "other_mails": [],
            "postal_code": "",
            "preferred_language": "",
            "proxy_addresses": [],
            "show_in_address_list": false,
            "state": "",
            "street_address": "",
            "surname": "",
            "timeouts": null,
            "usage_location": "",
            "user_principal_name": "student421@mscsschool.onmicrosoft.com",
            "user_type": "Member"
          },
          "sensitive_attributes": [],
          "identity_schema_version": 0
        }
      ]
    },
    {
      "mode": "data",
      "type": "azuread_user",
      "name": "network_admin",
      "provider": "provider[\"registry.terraform.io/hashicorp/azuread\"]",
      "instances": [
        {
          "schema_version": 0,
          "attributes": {
            "account_enabled": true,
            "age_group": "",
            "business_phones": [],
            "city": "",
            "company_name": "",
            "consent_provided_for_minor": "",
            "cost_center": null,
            "country": "",
            "creation_type": "",
            "department": "",
            "display_name": "이하연",
            "division": null,
            "employee_hire_date": "",
            "employee_id": "",
            "employee_type": "",
            "external_user_state": "",
            "fax_number": "",
            "given_name": "",
            "id": "/users/459480bc-f44e-4582-8c98-71fa3d881811",
            "im_addresses": [],
            "job_title": "",
            "mail": "",
            "mail_nickname": "student424",
            "manager_id": "",
            "mobile_phone": "",
            "object_id": "459480bc-f44e-4582-8c98-71fa3d881811",
            "office_location": "",
            "onpremises_distinguished_name": "",
            "onpremises_domain_name": "",
            "onpremises_immutable_id": "",
            "onpremises_sam_account_name": "",
            "onpremises_security_identifier": "",
            "onpremises_sync_enabled": false,
            "onpremises_user_principal_name": "",
            "other_mails": [],
            "postal_code": "",
            "preferred_language": "",
            "proxy_addresses": [],
            "show_in_address_list": false,
            "state": "",
            "street_address": "",
            "surname": "",
            "timeouts": null,
            "usage_location": "",
            "user_principal_name": "student424@mscsschool.onmicrosoft.com",
            "user_type": "Member"
          },
          "sensitive_attributes": [],
          "identity_schema_version": 0
        }
      ]
    },
    {
      "mode": "data",
      "type": "azuread_user",
      "name": "pm_user",
      "provider": "provider[\"registry.terraform.io/hashicorp/azuread\"]",
      "instances": [
        {
          "schema_version": 0,
          "attributes": {
            "account_enabled": true,
            "age_group": "",
            "business_phones": [],
            "city": "",
            "company_name": "",
            "consent_provided_for_minor": "",
            "cost_center": null,
            "country": "",
            "creation_type": "",
            "department": "",
            "display_name": "이기훈",
            "division": null,
            "employee_hire_date": "",
            "employee_id": "",
            "employee_type": "",
            "external_user_state": "",
            "fax_number": "",
            "given_name": "",
            "id": "/users/cbca0876-4730-495c-8c47-18b9c9af868a",
            "im_addresses": [],
            "job_title": "",
            "mail": "",
            "mail_nickname": "student420",
            "manager_id": "",
            "mobile_phone": "",
            "object_id": "cbca0876-4730-495c-8c47-18b9c9af868a",
            "office_location": "",
            "onpremises_distinguished_name": "",
            "onpremises_domain_name": "",
            "onpremises_immutable_id": "",
            "onpremises_sam_account_name": "",
            "onpremises_security_identifier": "",
            "onpremises_sync_enabled": false,
            "onpremises_user_principal_name": "",
            "other_mails": [],
            "postal_code": "",
            "preferred_language": "",
            "proxy_addresses": [],
            "show_in_address_list": false,
            "state": "",
            "street_address": "",
            "surname": "",
            "timeouts": null,
            "usage_location": "",
            "user_principal_name": "student420@mscsschool.onmicrosoft.com",
            "user_type": "Member"
          },
          "sensitive_attributes": [],
          "identity_schema_version": 0
        }
      ]
    },
    {
      "mode": "data",
      "type": "azuread_user",
      "name": "security_admin",
      "provider": "provider[\"registry.terraform.io/hashicorp/azuread\"]",
      "instances": [
        {
          "schema_version": 0,
          "attributes": {
            "account_enabled": true,
            "age_group": "",
            "business_phones": [],
            "city": "",
            "company_name": "",
            "consent_provided_for_minor": "",
            "cost_center": null,
            "country": "",
            "creation_type": "",
            "department": "",
            "display_name": "정현지",
            "division": null,
            "employee_hire_date": "",
            "employee_id": "",
            "employee_type": "",
            "external_user_state": "",
            "fax_number": "",
            "given_name": "",
            "id": "/users/b9d57093-411e-4141-b5a5-faf01b0edd17",
            "im_addresses": [],
            "job_title": "",
            "mail": "",
            "mail_nickname": "student426",
            "manager_id": "",
            "mobile_phone": "",
            "object_id": "b9d57093-411e-4141-b5a5-faf01b0edd17",
            "office_location": "",
            "onpremises_distinguished_name": "",
            "onpremises_domain_name": "",
            "onpremises_immutable_id": "",
            "onpremises_sam_account_name": "",
            "onpremises_security_identifier": "",
            "onpremises_sync_enabled": false,
            "onpremises_user_principal_name": "",
            "other_mails": [],
            "postal_code": "",
            "preferred_language": "",
            "proxy_addresses": [],
            "show_in_address_list": false,
            "state": "",
            "street_address": "",
            "surname": "",
            "timeouts": null,
            "usage_location": "",
            "user_principal_name": "student426@mscsschool.onmicrosoft.com",
            "user_type": "Member"
          },
          "sensitive_attributes": [],
          "identity_schema_version": 0
        }
      ]
    },
    {
      "mode": "managed",
      "type": "azurerm_application_gateway",
      "name": "www_appgw",
      "provider": "provider[\"registry.terraform.io/hashicorp/azurerm\"]",
      "instances": []
    },
    {
      "mode": "managed",
      "type": "azurerm_dns_a_record",
      "name": "root_public",
      "provider": "provider[\"registry.terraform.io/hashicorp/azurerm\"]",
      "instances": [
        {
          "schema_version": 1,
          "attributes": {
            "fqdn": "04www.cloud.",
            "id": "/subscriptions/99b79efe-ebd6-468c-b39f-5669acb259e1/resourceGroups/04-T1-www/providers/Microsoft.Network/dnsZones/04www.cloud/A/@",
            "name": "@",
            "records": [
              "20.214.57.53"
            ],
            "resource_group_name": "04-T1-www",
            "tags": null,
            "target_resource_id": "",
            "timeouts": null,
            "ttl": 300,
            "zone_name": "04www.cloud"
          },
          "sensitive_attributes": [],
          "identity_schema_version": 0,
          "private": "eyJlMmJmYjczMC1lY2FhLTExZTYtOGY4OC0zNDM2M2JjN2M0YzAiOnsiY3JlYXRlIjoxODAwMDAwMDAwMDAwLCJkZWxldGUiOjE4MDAwMDAwMDAwMDAsInJlYWQiOjMwMDAwMDAwMDAwMCwidXBkYXRlIjoxODAwMDAwMDAwMDAwfSwic2NoZW1hX3ZlcnNpb24iOiIxIn0=",
          "dependencies": [
            "azurerm_dns_zone.public",
            "azurerm_public_ip.www_appip",
            "azurerm_resource_group.www_rg"
          ]
        }
      ]
    },
    {
      "mode": "managed",
      "type": "azurerm_dns_a_record",
      "name": "www_public",
      "provider": "provider[\"registry.terraform.io/hashicorp/azurerm\"]",
      "instances": [
        {
          "schema_version": 1,
          "attributes": {
            "fqdn": "www.04www.cloud.",
            "id": "/subscriptions/99b79efe-ebd6-468c-b39f-5669acb259e1/resourceGroups/04-T1-www/providers/Microsoft.Network/dnsZones/04www.cloud/A/www",
            "name": "www",
            "records": [
              "20.214.57.53"
            ],
            "resource_group_name": "04-T1-www",
            "tags": null,
            "target_resource_id": "",
            "timeouts": null,
            "ttl": 300,
            "zone_name": "04www.cloud"
          },
          "sensitive_attributes": [],
          "identity_schema_version": 0,
          "private": "eyJlMmJmYjczMC1lY2FhLTExZTYtOGY4OC0zNDM2M2JjN2M0YzAiOnsiY3JlYXRlIjoxODAwMDAwMDAwMDAwLCJkZWxldGUiOjE4MDAwMDAwMDAwMDAsInJlYWQiOjMwMDAwMDAwMDAwMCwidXBkYXRlIjoxODAwMDAwMDAwMDAwfSwic2NoZW1hX3ZlcnNpb24iOiIxIn0=",
          "dependencies": [
            "azurerm_dns_zone.public",
            "azurerm_public_ip.www_appip",
            "azurerm_resource_group.www_rg"
          ]
        }
      ]
    },
    {
      "mode": "managed",
      "type": "azurerm_dns_zone",
      "name": "public",
      "provider": "provider[\"registry.terraform.io/hashicorp/azurerm\"]",
      "instances": [
        {
          "schema_version": 2,
          "attributes": {
            "id": "/subscriptions/99b79efe-ebd6-468c-b39f-5669acb259e1/resourceGroups/04-T1-www/providers/Microsoft.Network/dnsZones/04www.cloud",
            "max_number_of_record_sets": 10000,
            "name": "04www.cloud",
            "name_servers": [
              "ns1-01.azure-dns.com.",
              "ns2-01.azure-dns.net.",
              "ns3-01.azure-dns.org.",
              "ns4-01.azure-dns.info."
            ],
            "number_of_record_sets": 2,
            "resource_group_name": "04-T1-www",
            "soa_record": [
              {
                "email": "azuredns-hostmaster.microsoft.com",
                "expire_time": 2419200,
                "fqdn": "04www.cloud.",
                "host_name": "ns1-01.azure-dns.com.",
                "minimum_ttl": 300,
                "refresh_time": 3600,
                "retry_time": 300,
                "serial_number": 1,
                "tags": {},
                "ttl": 3600
              }
            ],
            "tags": null,
            "timeouts": null
          },
          "sensitive_attributes": [],
          "identity_schema_version": 0,
          "private": "eyJlMmJmYjczMC1lY2FhLTExZTYtOGY4OC0zNDM2M2JjN2M0YzAiOnsiY3JlYXRlIjoxODAwMDAwMDAwMDAwLCJkZWxldGUiOjE4MDAwMDAwMDAwMDAsInJlYWQiOjMwMDAwMDAwMDAwMCwidXBkYXRlIjoxODAwMDAwMDAwMDAwfSwic2NoZW1hX3ZlcnNpb24iOiIyIn0=",
          "dependencies": [
            "azurerm_resource_group.www_rg"
          ]
        }
      ]
    },
    {
      "mode": "managed",
      "type": "azurerm_image",
      "name": "www_image",
      "provider": "provider[\"registry.terraform.io/hashicorp/azurerm\"]",
      "instances": [
        {
          "schema_version": 0,
          "attributes": {
            "data_disk": [],
            "hyper_v_generation": "V2",
            "id": "/subscriptions/99b79efe-ebd6-468c-b39f-5669acb259e1/resourceGroups/04-T1-www/providers/Microsoft.Compute/images/www-image",
            "location": "koreacentral",
            "name": "www-image",
            "os_disk": [
              {
                "blob_uri": "",
                "caching": "ReadWrite",
                "disk_encryption_set_id": "",
                "managed_disk_id": "/subscriptions/99b79efe-ebd6-468c-b39f-5669acb259e1/resourceGroups/04-T1-www/providers/Microsoft.Compute/disks/www-disk",
                "os_state": "Generalized",
                "os_type": "Linux",
                "size_gb": 10,
                "storage_type": "StandardSSD_LRS"
              }
            ],
            "resource_group_name": "04-T1-www",
            "source_virtual_machine_id": null,
            "tags": null,
            "timeouts": null,
            "zone_resilient": false
          },
          "sensitive_attributes": [],
          "identity_schema_version": 0,
          "private": "eyJlMmJmYjczMC1lY2FhLTExZTYtOGY4OC0zNDM2M2JjN2M0YzAiOnsiY3JlYXRlIjo1NDAwMDAwMDAwMDAwLCJkZWxldGUiOjU0MDAwMDAwMDAwMDAsInJlYWQiOjMwMDAwMDAwMDAwMCwidXBkYXRlIjo1NDAwMDAwMDAwMDAwfX0=",
          "dependencies": [
            "azurerm_linux_virtual_machine.www_web2vm",
            "azurerm_managed_disk.www_disk",
            "azurerm_network_interface.www_web2_nic",
            "azurerm_resource_group.www_rg",
            "azurerm_subnet.www_web2",
            "azurerm_virtual_network.www_vnet0",
            "null_resource.www_web2_deallocate"
          ]
        }
      ]
    },
    {
      "mode": "managed",
      "type": "azurerm_linux_virtual_machine",
      "name": "www_basvm",
      "provider": "provider[\"registry.terraform.io/hashicorp/azurerm\"]",
      "instances": [
        {
          "schema_version": 0,
          "attributes": {
            "additional_capabilities": [],
            "admin_password": null,
            "admin_ssh_key": [
              {
                "public_key": "ssh-ed25519 AAAAC3NzaC1lZDI1NTE5AAAAIPQMz6pXp11KhT0hWvtjhfnWCxvVEauRhw7dTgunou4M \r\n",
                "username": "www"
              }
            ],
            "admin_username": "www",
            "allow_extension_operations": true,
            "availability_set_id": "",
            "boot_diagnostics": [
              {
                "storage_account_uri": ""
              }
            ],
            "bypass_platform_safety_checks_on_user_schedule_enabled": false,
            "capacity_reservation_group_id": "",
            "computer_name": "www-basvm",
            "custom_data": null,
            "dedicated_host_group_id": "",
            "dedicated_host_id": "",
            "disable_password_authentication": true,
            "disk_controller_type": "SCSI",
            "edge_zone": "",
            "encryption_at_host_enabled": false,
            "eviction_policy": "",
            "extensions_time_budget": "PT1H30M",
            "gallery_application": [],
            "id": "/subscriptions/99b79efe-ebd6-468c-b39f-5669acb259e1/resourceGroups/04-T1-www/providers/Microsoft.Compute/virtualMachines/www-basvm",
            "identity": [
              {
                "identity_ids": [],
                "principal_id": "8c45d4fb-6dd7-404e-b049-7ee682618e4c",
                "tenant_id": "548e9ef4-b1d5-48fa-b220-59f52d6db511",
                "type": "SystemAssigned"
              }
            ],
            "license_type": "",
            "location": "koreacentral",
            "max_bid_price": -1,
            "name": "www-basvm",
            "network_interface_ids": [
              "/subscriptions/99b79efe-ebd6-468c-b39f-5669acb259e1/resourceGroups/04-T1-www/providers/Microsoft.Network/networkInterfaces/www-bas-nic"
            ],
            "os_disk": [
              {
                "caching": "ReadWrite",
                "diff_disk_settings": [],
                "disk_encryption_set_id": "",
                "disk_size_gb": 10,
                "id": "/subscriptions/99b79efe-ebd6-468c-b39f-5669acb259e1/resourceGroups/04-T1-www/providers/Microsoft.Compute/disks/www-basvm_disk1_c2ca42f0618e4f019e75933e15c5ba32",
                "name": "www-basvm_disk1_c2ca42f0618e4f019e75933e15c5ba32",
                "secure_vm_disk_encryption_set_id": "",
                "security_encryption_type": "",
                "storage_account_type": "Standard_LRS",
                "write_accelerator_enabled": false
              }
            ],
            "os_image_notification": [],
            "os_managed_disk_id": "/subscriptions/99b79efe-ebd6-468c-b39f-5669acb259e1/resourceGroups/04-T1-www/providers/Microsoft.Compute/disks/www-basvm_disk1_c2ca42f0618e4f019e75933e15c5ba32",
            "patch_assessment_mode": "ImageDefault",
            "patch_mode": "ImageDefault",
            "plan": [
              {
                "name": "9-lvm",
                "product": "rockylinux-x86_64",
                "publisher": "resf"
              }
            ],
            "platform_fault_domain": -1,
            "priority": "Regular",
            "private_ip_address": "10.0.0.4",
            "private_ip_addresses": [
              "10.0.0.4"
            ],
            "provision_vm_agent": true,
            "proximity_placement_group_id": "",
            "public_ip_address": "20.196.209.234",
            "public_ip_addresses": [
              "20.196.209.234"
            ],
            "reboot_setting": "",
            "resource_group_name": "04-T1-www",
            "secret": [],
            "secure_boot_enabled": false,
            "size": "Standard_B1s",
            "source_image_id": "",
            "source_image_reference": [
              {
                "offer": "rockylinux-x86_64",
                "publisher": "resf",
                "sku": "9-lvm",
                "version": "9.3.20231113"
              }
            ],
            "tags": null,
            "termination_notification": null,
            "timeouts": null,
            "user_data": "IyEgL2Jpbi9iYXNoDQoNCiMgc2V0ZW5mb3JjZSAwDQojIGdydWJieSAtLXVwZGF0ZS1rZXJuZWwgQUxMIC0tYXJncyBzZWxpbnV4PTANCiMgZWNobyAtZSAiLS0tLS1CRUdJTiBPUEVOU1NIIFBSSVZBVEUgS0VZLS0tLS0NCiMgYjNCbGJuTnphQzFyWlhrdGRqRUFBQUFBQkc1dmJtVUFBQUFFYm05dVpRQUFBQUFBQUFBQkFBQUFNd0FBQUF0emMyZ3RaVw0KIyBReU5UVXhPUUFBQUNEMERNK3FWNmRkU29VOUlWcjdZNFg1MWdzYjFSR3JrWWNPM1U0THA2THVEQUFBQUpqZTgvNjMzdlArDQojIHR3QUFBQXR6YzJndFpXUXlOVFV4T1FBQUFDRDBETStxVjZkZFNvVTlJVnI3WTRYNTFnc2IxUkdya1ljTzNVNExwNkx1REENCiMgQUFBRUFZNEhRWFQ2M1hhUnNxRndrSDNYUVlwZzdaVS9MNHBsNlEwOUxNVFFmYTdmUU16NnBYcDExS2hUMGhXdnRqaGZuVw0KIyBDeHZWRWF1Umh3N2RUZ3Vub3U0TUFBQUFFR2RuYW1jek0wQm5iV0ZwYkM1amIyMEJBZ01FQlE9PQ0KIyAtLS0tLUVORCBPUEVOU1NIIFBSSVZBVEUgS0VZLS0tLS0iID4gL2hvbWUvd3d3Ly5zc2gvaWRfZWQyNTUxOQ0KIyBjaG93biB3d3cud3d3IC9ob21lL3d3dy8uc3NoL2lkX2VkMjU1MTkNCiMgY2htb2QgNjAwIC9ob21lL3d3dy8uc3NoL2lkX2VkMjU1MTkNCg0Kc2V0ZW5mb3JjZSAwDQpzdWRvIGZpcmV3YWxsLWNtZCAtLXpvbmU9cHVibGljIC0tYWRkLXBvcnQ9MjIvdGNwIC0tcGVybWFuZW50DQpzdWRvIGZpcmV3YWxsLWNtZCAtLXJlbG9hZA0KDQpncnViYnkgLS11cGRhdGUta2VybmVsIEFMTCAtLWFyZ3Mgc2VsaW51eD0wDQplY2hvIC1lICItLS0tLUJFR0lOIFJTQSBQUklWQVRFIEtFWS0tLS0tXG4NCk1JSUc0d0lCQUFLQ0FZRUF1WWtWNkYwbnZ0QjhHSEJGRXpWOFVVZUFBZW5yS015aUgzQS9xYklrME9iK21uQWNcbg0KZ0JBdDRyd2NTbUE0c2xFZDMyTHFidjBLZ0pMMFNpVVJjbVBwRWVsRTc2VHZVWW1ualNkZk5VTWdIaEk2V2hCNlxuDQpvYmJOaGtBejdmTit4VW5hTXN0Y2l4ZzB0ZXlUelNmOTNtSU5icHQwcWhkeVV6S3lGaHJ3aWZoRU14ZWNqUjFYXG4NCmRuS0Z1T1RaWThoOFFpbiswZU9POGlQdWFkNVhNdERwZnZvd1Fnd1NjeEJsNEorY29nd3ZIYVo5UUpSeTdFNUFcbg0KRFR1NUFoalRqV1JFcmQ2Y3dSU1MzQnR1V0k1Y0dzNjMyc3ptS01PeUJxU3k4aDE1R282NGJXbU4xYWlsd2x1dVxuDQphZEErVnk3QU9QMU4xNjdUdmUyakNzaDVLOXY3QXQrbGtZc2FsMHdPSDAyY0Yxd3hCOHpzOHdzREJNT21yQ2JaXG4NCjg5L1lVK0syeWtZdzg3MFRGSjRYQ0RCVEN1MkorVGRURGlISURQWHVnTEVBRVBMSE5oRGlCM3VtWTBWY3ZSQ3Zcbg0KeExXWmdCUExidnhlTmZsVDRaZE1wK2pmSmVUVlI3RnBYRDNqY1czeHREQnV3VjNwQnpYdVpIWFpNeGQ4RnBKQlxuDQpJZEpJMGJnejhkS1JpNitEQWdNQkFBRUNnZ0dBY3UxcjJLZjd1c05DVzVFUCtMb2s2K1F5Y3YwSFlocUFRcUV4XG4NCmpsaC9YYmY0OW9tRDNnQW5yRStCNXNCNzNsbEkrOXMyQk5KUjh4c1VuK2tlU1pHQ0NrcEpIWGs1bFhTRGlYaGVcbg0KRFl3ckZQV05sOFNsY2c3ZWVNN0VYQjE4NVpDOXpNRVQ3a1ZzUVZUdXFTS2dxMlJwbFo1T1FoNkwvdVZrVXpVVVxuDQoweUlxZk11ZmVmbzI5M1F4U1RyWlBtb3VMbjM5RHQ2NjZWdEFqK3ZlYitmZyszclc4ZEt3aXY0WlhXOEJnNCt3XG4NCmo5bFZ0TzgvMFFrWHZCckdtM250Y2FRdXR0VXhqbHNaeEpuanNhN1Vwb25mYlJWRkxpaTgrbGJ5SnJsaXlNNHhcbg0KSUhyVExWRmZPOFJwR2lWUlRjSkhFU0xSaVZjZ2t2bjNPQXI4TGU5bmVpRnlYdU9SNHFPYkYwZTFTMENzYUpZSlxuDQozZ0F4SGRjREYvNzVsQ3p4UEl0bEFuY05ncTBuOUY5UFY0VUxRZWdwTUt1NlhtRTNxQ0ZNOThoV1F6RUtycVhqXG4NCjR5OHNwa0pTaUVMenh0aDltVGxsMnJjV3cvL2lNRVd5OGN3UjZacWJxKy8yUDdmaTJHY3k1R3BXS2phSjNaREpcbg0KOENmNGdhcUt4bUN4MHpncXNvN0d3bUphVXN0QkFvSEJBT05ObC9hRGZ0WlRkV2FxYWl4Yk5vUUl2TlJFNGsyeVxuDQpQdHdJZEJVQWFWUzYxZ3dlVUlXREV1bTg0eisrZW9MZ0hDUFJRRTNrUldJOXpKWC8vbVNHNk9uZzUzYXZCWTB6XG4NCjFRSEhYaUdHKzJBamU1NldoRXB3TnpOT1lPKzRyR3VnN0NWUTg4T2F2WS9rRWlydnR1d2laNHE5UE1aUTIrbENcbg0KREJvSkZQM0EzVDdrYnJsY09rNlo4TzhrSm1zVXAyUld6LzhEY2NaOFRmRmN1VHN0aXJFNG43S3VzWmZnd1lldFxuDQp4YjF2ek9WekNJLzhQZVFyeUl6NmpJNExrQ0psOGc3UHFRS0J3UURROVpGOHFjUm5QK0YvdGNpMHk5S3U5WThZXG4NClhsL0hZZWtJcWl5S3lKNUNmdVd6UFlNN2o5QzZMZWR5QWIyd0hXRVlWMzlOM2JGc1hlYTZnZjRZbjM2TDlrQllcbg0KQ1M2RmxHV000VDZ1Vnh4M0pVdWZwaXMzQjFHUGxrU1FQZlg2b3RVZmlOaGNDbFE3ZWN2L3NDVVdNZjB4VWxDb1xuDQpuQWtrbDVpSGRPRWloK2pkZEd4THFQdEtGeGNQK0tmS0NQTkRBQzhVbVFmb3EyMTZMQnZvSG5SemZSMFprUDVuXG4NCmNqNGllalZGdUtvTnhJaElydzNDdkh2djBFNnkybW5XZXVVNXNVc0NnY0VBaTROWHIyMjhUdzZBczVnTGZOZ3Jcbg0KV05VSUdYMkNMVkFuTnVSVlk0S1NJL2hkWXFqRW9YMzNBTkgzNVdzalJPc0xPb3kzM0Zjc293VHRhbS9xazRjZVxuDQp0RlpmbTBBSHQwaEdDRVozSnpyelZXblIrVi9IS08xQlpGTktPamp1VTAwOVJCWXcyREZGQW1scElVTnEwZnEzXG4NCjlMYjc4M2t6MFRMQnZNVXdSaU8zYUYvSytpaDZmVDROWEtxaWpmenFWVExYalYxdTJ2WDIzUnNkY2c0YzMzT3lcbg0KeVhoaDlxZDBBYlFOOTUwRWRSeXE5NzFKdTUrSUE4ZlF0MnF2ZC8xOG1jeXBBb0hBWU1wdk1yU2Nva3JuMURWTFxuDQpHOXdSNGpNaXJtSUFzYVY3d1NTNmJ5clFpL0tseWFuam9QSlQ5L21OYkxTN3ZkbE9BVzErTFg1VVVlTUpIamxhXG4NCmp1TktSZUN5RzFWZGRFaXg1VmpzcE9yNjU0R2lEdmgwcWcrOHl1c0xKVmxlR0ZQV3JyMi9vcHF5Tzc2R0xSRFZcbg0KalB0bzBiRFVaZFdwTW9iNkF6eXprRUF1TUc1ZVA0bXRwTHNmVnFtU1p6WlFJQ2YwcHZEZnhmbXFRMTR0S3c3NFxuDQpXQXFMTVMyRmVqdGo1cXAvQktXdU42UmlrSEJ0eWxkdWZUNGJSaU4veFBhMk9Vd1RBb0hBQjBucDZscU95aHAzXG4NCmw0Z3hyYWl0YkZpV3NycXhUL2ErdEJTeldqVy85MC9paDlaTnZJbzRKblhSczNxNVJsRUlCQ3lpUTZMekM3dUJcbg0KcUhHd2V1eUxmaWF6RlhWYjFCVjE0MHRGUlh2TmVMN2dicFFTdjdEU1V6cmltME9TWnR2cEsxRFk5TU5RbktRR1xuDQpNTVY1R1h4ZnpKSlBvcURROGhrVHN1akZxWTV2N2FVN04yTm1sZnhoc1AreENPbStDeGV6cnVLNmk0SVg3K3RuXG4NClNKYk1iQ1N4YUFLbTJ5SXY2K3VDTlZYb3ZJV1BYbld2QWpwZWlrWlR0QXYyQ0tnbXN0V3Bcbg0KLS0tLS1FTkQgT1BFTlNTSCBQUklWQVRFIEtFWS0tLS0tIiA+IC9ob21lL3d3dy8uc3NoL2lkX2VkMjU1MTkNCmNob3duIHd3dy53d3cgL2hvbWUvd3d3Ly5zc2gvaWRfZWQyNTUxOQ0KY2htb2QgNjAwIC9ob21lL3d3dy8uc3NoL2lkX2VkMjU1MTkNCg0KIyBhdXRob3JpemVkX2tleXMg7ISk7KCVICjqs7XqsJztgqQpDQpjYXQgPDwnRU9GJyA+IC9ob21lL3d3dy8uc3NoL2F1dGhvcml6ZWRfa2V5cw0Kc3NoLWVkMjU1MTkgQUFBQUMzTnphQzFsWkRJMU5URTVBQUFBSVBRTXo2cFhwMTFLaFQwaFd2dGpoZm5XQ3h2VkVhdVJodzdkVGd1bm91NE0gDQpFT0YNCmNob3duIHd3dzp3d3cgL2hvbWUvd3d3Ly5zc2gvYXV0aG9yaXplZF9rZXlzDQpjaG1vZCA2MDAgL2hvbWUvd3d3Ly5zc2gvYXV0aG9yaXplZF9rZXlz",
            "virtual_machine_id": "25891fc9-dc41-4ee6-9d57-e883cbfa1cdb",
            "virtual_machine_scale_set_id": "",
            "vm_agent_platform_updates_enabled": false,
            "vtpm_enabled": false,
            "zone": ""
          },
          "sensitive_attributes": [
            [
              {
                "type": "get_attr",
                "value": "admin_password"
              }
            ],
            [
              {
                "type": "get_attr",
                "value": "custom_data"
              }
            ]
          ],
          "identity_schema_version": 0,
          "private": "eyJlMmJmYjczMC1lY2FhLTExZTYtOGY4OC0zNDM2M2JjN2M0YzAiOnsiY3JlYXRlIjoyNzAwMDAwMDAwMDAwLCJkZWxldGUiOjI3MDAwMDAwMDAwMDAsInJlYWQiOjMwMDAwMDAwMDAwMCwidXBkYXRlIjoyNzAwMDAwMDAwMDAwfX0=",
          "dependencies": [
            "azurerm_network_interface.www_bas_nic",
            "azurerm_public_ip.www_basip",
            "azurerm_resource_group.www_rg",
            "azurerm_subnet.www_bas",
            "azurerm_virtual_network.www_vnet0"
          ]
        }
      ]
    },
    {
      "mode": "managed",
      "type": "azurerm_linux_virtual_machine",
      "name": "www_dbvm",
      "provider": "provider[\"registry.terraform.io/hashicorp/azurerm\"]",
      "instances": [
        {
          "schema_version": 0,
          "attributes": {
            "additional_capabilities": [],
            "admin_password": null,
            "admin_ssh_key": [
              {
                "public_key": "ssh-ed25519 AAAAC3NzaC1lZDI1NTE5AAAAIPQMz6pXp11KhT0hWvtjhfnWCxvVEauRhw7dTgunou4M \r\n",
                "username": "www"
              }
            ],
            "admin_username": "www",
            "allow_extension_operations": true,
            "availability_set_id": "",
            "boot_diagnostics": [
              {
                "storage_account_uri": ""
              }
            ],
            "bypass_platform_safety_checks_on_user_schedule_enabled": false,
            "capacity_reservation_group_id": "",
            "computer_name": "www-dbvm",
            "custom_data": null,
            "dedicated_host_group_id": "",
            "dedicated_host_id": "",
            "disable_password_authentication": true,
            "disk_controller_type": "SCSI",
            "edge_zone": "",
            "encryption_at_host_enabled": false,
            "eviction_policy": "",
            "extensions_time_budget": "PT1H30M",
            "gallery_application": [],
            "id": "/subscriptions/99b79efe-ebd6-468c-b39f-5669acb259e1/resourceGroups/04-T1-www/providers/Microsoft.Compute/virtualMachines/www-dbvm",
            "identity": [
              {
                "identity_ids": [],
                "principal_id": "3eb47bc5-66b5-484f-92ac-463ed46fa70a",
                "tenant_id": "548e9ef4-b1d5-48fa-b220-59f52d6db511",
                "type": "SystemAssigned"
              }
            ],
            "license_type": "",
            "location": "koreacentral",
            "max_bid_price": -1,
            "name": "www-dbvm",
            "network_interface_ids": [
              "/subscriptions/99b79efe-ebd6-468c-b39f-5669acb259e1/resourceGroups/04-T1-www/providers/Microsoft.Network/networkInterfaces/www-db-nic"
            ],
            "os_disk": [
              {
                "caching": "ReadWrite",
                "diff_disk_settings": [],
                "disk_encryption_set_id": "",
                "disk_size_gb": 10,
                "id": "/subscriptions/99b79efe-ebd6-468c-b39f-5669acb259e1/resourceGroups/04-T1-www/providers/Microsoft.Compute/disks/www-dbvm_disk1_674f93b763df4da5b388849c0f420f46",
                "name": "www-dbvm_disk1_674f93b763df4da5b388849c0f420f46",
                "secure_vm_disk_encryption_set_id": "",
                "security_encryption_type": "",
                "storage_account_type": "Standard_LRS",
                "write_accelerator_enabled": false
              }
            ],
            "os_image_notification": [],
            "os_managed_disk_id": "/subscriptions/99b79efe-ebd6-468c-b39f-5669acb259e1/resourceGroups/04-T1-www/providers/Microsoft.Compute/disks/www-dbvm_disk1_674f93b763df4da5b388849c0f420f46",
            "patch_assessment_mode": "ImageDefault",
            "patch_mode": "ImageDefault",
            "plan": [
              {
                "name": "9-lvm",
                "product": "rockylinux-x86_64",
                "publisher": "resf"
              }
            ],
            "platform_fault_domain": -1,
            "priority": "Regular",
            "private_ip_address": "10.0.4.4",
            "private_ip_addresses": [
              "10.0.4.4"
            ],
            "provision_vm_agent": true,
            "proximity_placement_group_id": "",
            "public_ip_address": "",
            "public_ip_addresses": [],
            "reboot_setting": "",
            "resource_group_name": "04-T1-www",
            "secret": [],
            "secure_boot_enabled": false,
            "size": "Standard_B4as_v2",
            "source_image_id": "",
            "source_image_reference": [
              {
                "offer": "rockylinux-x86_64",
                "publisher": "resf",
                "sku": "9-lvm",
                "version": "9.3.20231113"
              }
            ],
            "tags": null,
            "termination_notification": null,
            "timeouts": null,
            "user_data": "IyEgL2Jpbi9iYXNoDQpzZXRlbmZvcmNlIDANCmdydWJieSAtLXVwZGF0ZS1rZXJuZWwgQUxMIC0tYXJncyBzZWxpbnV4PTANCmRuZiBpbnN0YWxsIC15IG15c3FsLXNlcnZlcg0Kc3lzdGVtY3RsIGVuYWJsZSAtLW5vdyBteXNxbGQNCm15c3FsIC11cm9vdCAtZSAiQ1JFQVRFIFVTRVIgJ3d3dydAJyUnIElERU5USUZJRUQgQlkgJ0l0MTIzNDUhJzsgR1JBTlQgQUxMIFBSSVZJTEVHRVMgT04gKi4qIFRPICd3d3cnQCclJzsgQ1JFQVRFIERBVEFCQVNFIHdvcmRwcmVzczsiDQoNCg==",
            "virtual_machine_id": "73af6e97-9609-458f-95e5-86c287c20457",
            "virtual_machine_scale_set_id": "",
            "vm_agent_platform_updates_enabled": false,
            "vtpm_enabled": false,
            "zone": ""
          },
          "sensitive_attributes": [
            [
              {
                "type": "get_attr",
                "value": "admin_password"
              }
            ],
            [
              {
                "type": "get_attr",
                "value": "custom_data"
              }
            ]
          ],
          "identity_schema_version": 0,
          "private": "eyJlMmJmYjczMC1lY2FhLTExZTYtOGY4OC0zNDM2M2JjN2M0YzAiOnsiY3JlYXRlIjoyNzAwMDAwMDAwMDAwLCJkZWxldGUiOjI3MDAwMDAwMDAwMDAsInJlYWQiOjMwMDAwMDAwMDAwMCwidXBkYXRlIjoyNzAwMDAwMDAwMDAwfX0=",
          "dependencies": [
            "azurerm_network_interface.www_db_nic",
            "azurerm_resource_group.www_rg",
            "azurerm_subnet.www_db",
            "azurerm_virtual_network.www_vnet0"
          ]
        }
      ]
    },
    {
      "mode": "managed",
      "type": "azurerm_linux_virtual_machine",
      "name": "www_vnet1_web1vm",
      "provider": "provider[\"registry.terraform.io/hashicorp/azurerm\"]",
      "instances": [
        {
          "schema_version": 0,
          "attributes": {
            "additional_capabilities": [],
            "admin_password": null,
            "admin_ssh_key": [
              {
                "public_key": "ssh-ed25519 AAAAC3NzaC1lZDI1NTE5AAAAIPQMz6pXp11KhT0hWvtjhfnWCxvVEauRhw7dTgunou4M \r\n",
                "username": "www"
              }
            ],
            "admin_username": "www",
            "allow_extension_operations": true,
            "availability_set_id": "",
            "boot_diagnostics": [
              {
                "storage_account_uri": ""
              }
            ],
            "bypass_platform_safety_checks_on_user_schedule_enabled": false,
            "capacity_reservation_group_id": "",
            "computer_name": "www-vnet1-web1vm",
            "custom_data": null,
            "dedicated_host_group_id": "",
            "dedicated_host_id": "",
            "disable_password_authentication": true,
            "disk_controller_type": "SCSI",
            "edge_zone": "",
            "encryption_at_host_enabled": false,
            "eviction_policy": "",
            "extensions_time_budget": "PT1H30M",
            "gallery_application": [],
            "id": "/subscriptions/99b79efe-ebd6-468c-b39f-5669acb259e1/resourceGroups/04-T1-www/providers/Microsoft.Compute/virtualMachines/www-vnet1-web1vm",
            "identity": [
              {
                "identity_ids": [],
                "principal_id": "05923ae0-2ca6-4415-80b2-186d7ce4bc9a",
                "tenant_id": "548e9ef4-b1d5-48fa-b220-59f52d6db511",
                "type": "SystemAssigned"
              }
            ],
            "license_type": "",
            "location": "koreasouth",
            "max_bid_price": -1,
            "name": "www-vnet1-web1vm",
            "network_interface_ids": [
              "/subscriptions/99b79efe-ebd6-468c-b39f-5669acb259e1/resourceGroups/04-T1-www/providers/Microsoft.Network/networkInterfaces/wwwweb1-v1-nic"
            ],
            "os_disk": [
              {
                "caching": "ReadWrite",
                "diff_disk_settings": [],
                "disk_encryption_set_id": "",
                "disk_size_gb": 10,
                "id": "/subscriptions/99b79efe-ebd6-468c-b39f-5669acb259e1/resourceGroups/04-T1-www/providers/Microsoft.Compute/disks/www-vnet1-web1vm_disk1_9bcfb40cd9d248a5adc52b759541e0b9",
                "name": "www-vnet1-web1vm_disk1_9bcfb40cd9d248a5adc52b759541e0b9",
                "secure_vm_disk_encryption_set_id": "",
                "security_encryption_type": "",
                "storage_account_type": "Standard_LRS",
                "write_accelerator_enabled": false
              }
            ],
            "os_image_notification": [],
            "os_managed_disk_id": "/subscriptions/99b79efe-ebd6-468c-b39f-5669acb259e1/resourceGroups/04-T1-www/providers/Microsoft.Compute/disks/www-vnet1-web1vm_disk1_9bcfb40cd9d248a5adc52b759541e0b9",
            "patch_assessment_mode": "ImageDefault",
            "patch_mode": "ImageDefault",
            "plan": [
              {
                "name": "9-lvm",
                "product": "rockylinux-x86_64",
                "publisher": "resf"
              }
            ],
            "platform_fault_domain": -1,
            "priority": "Regular",
            "private_ip_address": "192.168.2.4",
            "private_ip_addresses": [
              "192.168.2.4"
            ],
            "provision_vm_agent": true,
            "proximity_placement_group_id": "",
            "public_ip_address": "",
            "public_ip_addresses": [],
            "reboot_setting": "",
            "resource_group_name": "04-T1-www",
            "secret": [],
            "secure_boot_enabled": false,
            "size": "Standard_B4as_v2",
            "source_image_id": "",
            "source_image_reference": [
              {
                "offer": "rockylinux-x86_64",
                "publisher": "resf",
                "sku": "9-lvm",
                "version": "9.3.20231113"
              }
            ],
            "tags": null,
            "termination_notification": null,
            "timeouts": null,
            "user_data": "IyEgL2Jpbi9iYXNoDQpzZXRlbmZvcmNlIDANCmdydWJieSAtLXVwZGF0ZS1rZXJuZWwgQUxMIC0tYXJncyBzZWxpbnV4PTANCg0KIyDtjKjtgqTsp4Ag7ISk7LmYDQpkbmYgaW5zdGFsbCAteSB3Z2V0IGh0dHBkIHBocCBwaHAtZ2QgcGhwLW9wY2FjaGUgcGhwLW15c3FsbmQgcGhwLXBlY2wtcmVkaXM1IGx5bnggbXlzcWwgdW56aXANCg0KIyDsm4zrk5ztlITroIjsiqQg7ISk7LmYIOuwjyDshKTsoJUNCndnZXQgaHR0cHM6Ly9rby53b3JkcHJlc3Mub3JnL3dvcmRwcmVzcy02LjguMy1rb19LUi50YXIuZ3oNCnRhciB4dmZ6IHdvcmRwcmVzcy02LjguMy1rb19LUi50YXIuZ3oNCmNwIC1hciB3b3JkcHJlc3MvKiAvdmFyL3d3dy9odG1sDQpzZWQgLWkgJ3MvRGlyZWN0b3J5SW5kZXggaW5kZXguaHRtbC9EaXJlY3RvcnlJbmRleCBpbmRleC5waHAvZycgL2V0Yy9odHRwZC9jb25mL2h0dHBkLmNvbmYNCmNwIC92YXIvd3d3L2h0bWwvd3AtY29uZmlnLXNhbXBsZS5waHAgL3Zhci93d3cvaHRtbC93cC1jb25maWcucGhwDQojIC4uLiAoREIg7ISk7KCVIOuwjyBSZWRpcyDshKTsoJUg7L2U65OcIOyDneuetSkgLi4uDQoNCiMgLS0tLS0tLS0tLS0tLS0tLS0tLS0tLS0tLS0tLS0tLS0tLS0tLS0tLS0tLS0tLS0tLS0tLQ0KIyDwn5SRIFvsiJjsoJUgMV0g7ZWE7IiYOiDsm7kg7ISc67mE7IqkIOyLnOyekSDsoITsl5Ag6raM7ZWcIOyEpOyglSAo7KO87ISdIO2VtOygnCDrsI8g7Iic7IScIOuzgOqyvSkNCiMgLS0tLS0tLS0tLS0tLS0tLS0tLS0tLS0tLS0tLS0tLS0tLS0tLS0tLS0tLS0tLS0tLS0tLQ0KY2hvd24gLVIgYXBhY2hlOmFwYWNoZSAvdmFyL3d3dy9odG1sDQpjaG1vZCAtUiA3NTUgL3Zhci93d3cvaHRtbA0KDQojIGhlYWx0aC5odG1sIO2MjOydvCDsg53shLEg67CPIOq2jO2VnCDshKTsoJUNCmVjaG8gJEhPU1ROQU1FID4gL3Zhci93d3cvaHRtbC9oZWFsdGguaHRtbA0KIyBoZWFsdGguaHRtbCDtjIzsnbzsnbQgQXBhY2hl6rCAIOygkeq3vCDqsIDriqXtlZjrj4TroZ0g66qF7ZmV7Z6IIOq2jO2VnCDshKTsoJUNCmNob3duIGFwYWNoZTphcGFjaGUgL3Zhci93d3cvaHRtbC9oZWFsdGguaHRtbCANCg0KIyAtLS0tLS0tLS0tLS0tLS0tLS0tLS0tLS0tLS0tLS0tLS0tLS0tLS0tLS0tLS0tLS0tLS0tDQojIPCflJEgW+yImOyglSAyXSDshJzruYTsiqQg7Iuc7J6RICjqtoztlZwg7ISk7KCVIOydtO2bhCkNCiMgLS0tLS0tLS0tLS0tLS0tLS0tLS0tLS0tLS0tLS0tLS0tLS0tLS0tLS0tLS0tLS0tLS0tLQ0KZmlyZXdhbGwtY21kIC0tcGVybWFuZW50IC0tYWRkLXNlcnZpY2U9aHR0cA0KZmlyZXdhbGwtY21kIC0tcGVybWFuZW50IC0tYWRkLXNlcnZpY2U9aHR0cHMNCmZpcmV3YWxsLWNtZCAtLXBlcm1hbmVudCAtLWFkZC1zZXJ2aWNlPXNzaA0KDQojIFvsiJjsoJUg7KCEXQ0KZmlyZXdhbGwtY21kIC0tcGVybWFuZW50IC0tem9uZT10cnVzdGVkIC0tYWRkLXNvdXJjZT0xMC4wLjAuMC8yNA0KDQojIFvsiJjsoJUg7ZuEXSBBcHBsaWNhdGlvbiBHYXRld2F56rCAIOyeiOuKlCAxOTIuMTY4LjAuMC8yNCDrjIDsl60g7ZeI7JqpDQpmaXJld2FsbC1jbWQgLS1wZXJtYW5lbnQgLS16b25lPXRydXN0ZWQgLS1hZGQtc291cmNlPTE5Mi4xNjguMC4wLzI0DQpzeXN0ZW1jdGwgZW5hYmxlIC0tbm93IGh0dHBkDQoNCiMgLS0tLS0tLS0tLS0tLS0tLS0tLS0tLS0tLS0tLS0tLS0tLS0tLS0tLS0tLS0tLS0tLS0tLQ0KIyDinYwgW+yCreygnF0g7LmY66qF7KCB7J24IOusuOygnDogaW5kZXguaHRtbCDsg53shLEg67iU66GdIOyghOyytCDsgq3soJwNCiMgLS0tLS0tLS0tLS0tLS0tLS0tLS0tLS0tLS0tLS0tLS0tLS0tLS0tLS0tLS0tLS0tLS0tLQ0KIyDquLDsobQg7Iqk7YGs66a97Yq47J2YIOuniOyngOuniSDrtoDrtoTsl5Ag7J6I642YDQojIGNhdCA8PEVPRiA+IC92YXIvd3d3L2h0bWwvaW5kZXguaHRtbCAuLi4gRU9GIOu4lOuhneydgA0KIyDsm4zrk5ztlITroIjsiqQg7J6R64+Z7J2EIOuwqe2VtO2VmOuvgOuhnCDsmYTsoITtnogg7KCc6rGw7ZW07JW8IO2VqeuLiOuLpC4=",
            "virtual_machine_id": "7b9aad9b-276d-4e0b-9d16-0932fe72b998",
            "virtual_machine_scale_set_id": "",
            "vm_agent_platform_updates_enabled": false,
            "vtpm_enabled": false,
            "zone": ""
          },
          "sensitive_attributes": [
            [
              {
                "type": "get_attr",
                "value": "admin_password"
              }
            ],
            [
              {
                "type": "get_attr",
                "value": "custom_data"
              }
            ]
          ],
          "identity_schema_version": 0,
          "private": "eyJlMmJmYjczMC1lY2FhLTExZTYtOGY4OC0zNDM2M2JjN2M0YzAiOnsiY3JlYXRlIjoyNzAwMDAwMDAwMDAwLCJkZWxldGUiOjI3MDAwMDAwMDAwMDAsInJlYWQiOjMwMDAwMDAwMDAwMCwidXBkYXRlIjoyNzAwMDAwMDAwMDAwfX0=",
          "dependencies": [
            "azurerm_network_interface.www_web1_v1_nic",
            "azurerm_resource_group.www_rg",
            "azurerm_subnet.www_web1_v1",
            "azurerm_virtual_network.www_vnet1"
          ]
        }
      ]
    },
    {
      "mode": "managed",
      "type": "azurerm_linux_virtual_machine",
      "name": "www_web1vm",
      "provider": "provider[\"registry.terraform.io/hashicorp/azurerm\"]",
      "instances": [
        {
          "schema_version": 0,
          "attributes": {
            "additional_capabilities": [],
            "admin_password": null,
            "admin_ssh_key": [
              {
                "public_key": "ssh-ed25519 AAAAC3NzaC1lZDI1NTE5AAAAIPQMz6pXp11KhT0hWvtjhfnWCxvVEauRhw7dTgunou4M \r\n",
                "username": "www"
              }
            ],
            "admin_username": "www",
            "allow_extension_operations": true,
            "availability_set_id": "",
            "boot_diagnostics": [
              {
                "storage_account_uri": ""
              }
            ],
            "bypass_platform_safety_checks_on_user_schedule_enabled": false,
            "capacity_reservation_group_id": "",
            "computer_name": "www-web1vm",
            "custom_data": null,
            "dedicated_host_group_id": "",
            "dedicated_host_id": "",
            "disable_password_authentication": true,
            "disk_controller_type": "SCSI",
            "edge_zone": "",
            "encryption_at_host_enabled": false,
            "eviction_policy": "",
            "extensions_time_budget": "PT1H30M",
            "gallery_application": [],
            "id": "/subscriptions/99b79efe-ebd6-468c-b39f-5669acb259e1/resourceGroups/04-T1-www/providers/Microsoft.Compute/virtualMachines/www-web1vm",
            "identity": [
              {
                "identity_ids": [],
                "principal_id": "04f04211-867f-4804-9e2f-449c073cde9a",
                "tenant_id": "548e9ef4-b1d5-48fa-b220-59f52d6db511",
                "type": "SystemAssigned"
              }
            ],
            "license_type": "",
            "location": "koreacentral",
            "max_bid_price": -1,
            "name": "www-web1vm",
            "network_interface_ids": [
              "/subscriptions/99b79efe-ebd6-468c-b39f-5669acb259e1/resourceGroups/04-T1-www/providers/Microsoft.Network/networkInterfaces/www-web1-nic"
            ],
            "os_disk": [
              {
                "caching": "ReadWrite",
                "diff_disk_settings": [],
                "disk_encryption_set_id": "",
                "disk_size_gb": 10,
                "id": "/subscriptions/99b79efe-ebd6-468c-b39f-5669acb259e1/resourceGroups/04-T1-www/providers/Microsoft.Compute/disks/www-web1vm_disk1_9d99ec88cf6c436fbb044a767607659b",
                "name": "www-web1vm_disk1_9d99ec88cf6c436fbb044a767607659b",
                "secure_vm_disk_encryption_set_id": "",
                "security_encryption_type": "",
                "storage_account_type": "Standard_LRS",
                "write_accelerator_enabled": false
              }
            ],
            "os_image_notification": [],
            "os_managed_disk_id": "/subscriptions/99b79efe-ebd6-468c-b39f-5669acb259e1/resourceGroups/04-T1-www/providers/Microsoft.Compute/disks/www-web1vm_disk1_9d99ec88cf6c436fbb044a767607659b",
            "patch_assessment_mode": "ImageDefault",
            "patch_mode": "ImageDefault",
            "plan": [
              {
                "name": "9-lvm",
                "product": "rockylinux-x86_64",
                "publisher": "resf"
              }
            ],
            "platform_fault_domain": -1,
            "priority": "Regular",
            "private_ip_address": "10.0.2.4",
            "private_ip_addresses": [
              "10.0.2.4"
            ],
            "provision_vm_agent": true,
            "proximity_placement_group_id": "",
            "public_ip_address": "",
            "public_ip_addresses": [],
            "reboot_setting": "",
            "resource_group_name": "04-T1-www",
            "secret": [],
            "secure_boot_enabled": false,
            "size": "Standard_B1s",
            "source_image_id": "",
            "source_image_reference": [
              {
                "offer": "rockylinux-x86_64",
                "publisher": "resf",
                "sku": "9-lvm",
                "version": "9.3.20231113"
              }
            ],
            "tags": null,
            "termination_notification": null,
            "timeouts": null,
            "user_data": "IyEgL2Jpbi9iYXNoDQpzZXRlbmZvcmNlIDANCmdydWJieSAtLXVwZGF0ZS1rZXJuZWwgQUxMIC0tYXJncyBzZWxpbnV4PTANCg0KIyDtjKjtgqTsp4Ag7ISk7LmYDQpkbmYgaW5zdGFsbCAteSB3Z2V0IGh0dHBkIHBocCBwaHAtZ2QgcGhwLW9wY2FjaGUgcGhwLW15c3FsbmQgcGhwLXBlY2wtcmVkaXM1IGx5bnggbXlzcWwgdW56aXANCg0KIyDsm4zrk5ztlITroIjsiqQg7ISk7LmYIOuwjyDshKTsoJUNCndnZXQgaHR0cHM6Ly9rby53b3JkcHJlc3Mub3JnL3dvcmRwcmVzcy02LjguMy1rb19LUi50YXIuZ3oNCnRhciB4dmZ6IHdvcmRwcmVzcy02LjguMy1rb19LUi50YXIuZ3oNCmNwIC1hciB3b3JkcHJlc3MvKiAvdmFyL3d3dy9odG1sDQpzZWQgLWkgJ3MvRGlyZWN0b3J5SW5kZXggaW5kZXguaHRtbC9EaXJlY3RvcnlJbmRleCBpbmRleC5waHAvZycgL2V0Yy9odHRwZC9jb25mL2h0dHBkLmNvbmYNCmNwIC92YXIvd3d3L2h0bWwvd3AtY29uZmlnLXNhbXBsZS5waHAgL3Zhci93d3cvaHRtbC93cC1jb25maWcucGhwDQojIC4uLiAoREIg7ISk7KCVIOuwjyBSZWRpcyDshKTsoJUg7L2U65OcIOyDneuetSkgLi4uDQoNCiMgLS0tLS0tLS0tLS0tLS0tLS0tLS0tLS0tLS0tLS0tLS0tLS0tLS0tLS0tLS0tLS0tLS0tLQ0KIyDwn5SRIFvsiJjsoJUgMV0g7ZWE7IiYOiDsm7kg7ISc67mE7IqkIOyLnOyekSDsoITsl5Ag6raM7ZWcIOyEpOyglSAo7KO87ISdIO2VtOygnCDrsI8g7Iic7IScIOuzgOqyvSkNCiMgLS0tLS0tLS0tLS0tLS0tLS0tLS0tLS0tLS0tLS0tLS0tLS0tLS0tLS0tLS0tLS0tLS0tLQ0KY2hvd24gLVIgYXBhY2hlOmFwYWNoZSAvdmFyL3d3dy9odG1sDQpjaG1vZCAtUiA3NTUgL3Zhci93d3cvaHRtbA0KDQojIGhlYWx0aC5odG1sIO2MjOydvCDsg53shLEg67CPIOq2jO2VnCDshKTsoJUNCmVjaG8gJEhPU1ROQU1FID4gL3Zhci93d3cvaHRtbC9oZWFsdGguaHRtbA0KIyBoZWFsdGguaHRtbCDtjIzsnbzsnbQgQXBhY2hl6rCAIOygkeq3vCDqsIDriqXtlZjrj4TroZ0g66qF7ZmV7Z6IIOq2jO2VnCDshKTsoJUNCmNob3duIGFwYWNoZTphcGFjaGUgL3Zhci93d3cvaHRtbC9oZWFsdGguaHRtbCANCg0KIyAtLS0tLS0tLS0tLS0tLS0tLS0tLS0tLS0tLS0tLS0tLS0tLS0tLS0tLS0tLS0tLS0tLS0tDQojIPCflJEgW+yImOyglSAyXSDshJzruYTsiqQg7Iuc7J6RICjqtoztlZwg7ISk7KCVIOydtO2bhCkNCiMgLS0tLS0tLS0tLS0tLS0tLS0tLS0tLS0tLS0tLS0tLS0tLS0tLS0tLS0tLS0tLS0tLS0tLQ0KZmlyZXdhbGwtY21kIC0tcGVybWFuZW50IC0tYWRkLXNlcnZpY2U9aHR0cA0KZmlyZXdhbGwtY21kIC0tcGVybWFuZW50IC0tYWRkLXNlcnZpY2U9aHR0cHMNCmZpcmV3YWxsLWNtZCAtLXBlcm1hbmVudCAtLWFkZC1zZXJ2aWNlPXNzaA0KDQojIFvsiJjsoJUg7KCEXQ0KZmlyZXdhbGwtY21kIC0tcGVybWFuZW50IC0tem9uZT10cnVzdGVkIC0tYWRkLXNvdXJjZT0xMC4wLjAuMC8yNA0KDQojIFvsiJjsoJUg7ZuEXSBBcHBsaWNhdGlvbiBHYXRld2F56rCAIOyeiOuKlCAxOTIuMTY4LjAuMC8yNCDrjIDsl60g7ZeI7JqpDQpmaXJld2FsbC1jbWQgLS1wZXJtYW5lbnQgLS16b25lPXRydXN0ZWQgLS1hZGQtc291cmNlPTE5Mi4xNjguMC4wLzI0DQpzeXN0ZW1jdGwgZW5hYmxlIC0tbm93IGh0dHBkDQoNCiMgLS0tLS0tLS0tLS0tLS0tLS0tLS0tLS0tLS0tLS0tLS0tLS0tLS0tLS0tLS0tLS0tLS0tLQ0KIyDinYwgW+yCreygnF0g7LmY66qF7KCB7J24IOusuOygnDogaW5kZXguaHRtbCDsg53shLEg67iU66GdIOyghOyytCDsgq3soJwNCiMgLS0tLS0tLS0tLS0tLS0tLS0tLS0tLS0tLS0tLS0tLS0tLS0tLS0tLS0tLS0tLS0tLS0tLQ0KIyDquLDsobQg7Iqk7YGs66a97Yq47J2YIOuniOyngOuniSDrtoDrtoTsl5Ag7J6I642YDQojIGNhdCA8PEVPRiA+IC92YXIvd3d3L2h0bWwvaW5kZXguaHRtbCAuLi4gRU9GIOu4lOuhneydgA0KIyDsm4zrk5ztlITroIjsiqQg7J6R64+Z7J2EIOuwqe2VtO2VmOuvgOuhnCDsmYTsoITtnogg7KCc6rGw7ZW07JW8IO2VqeuLiOuLpC4=",
            "virtual_machine_id": "23a8b618-fb8d-4560-9d1d-af34e2b91911",
            "virtual_machine_scale_set_id": "",
            "vm_agent_platform_updates_enabled": false,
            "vtpm_enabled": false,
            "zone": ""
          },
          "sensitive_attributes": [
            [
              {
                "type": "get_attr",
                "value": "admin_password"
              }
            ],
            [
              {
                "type": "get_attr",
                "value": "custom_data"
              }
            ]
          ],
          "identity_schema_version": 0,
          "private": "eyJlMmJmYjczMC1lY2FhLTExZTYtOGY4OC0zNDM2M2JjN2M0YzAiOnsiY3JlYXRlIjoyNzAwMDAwMDAwMDAwLCJkZWxldGUiOjI3MDAwMDAwMDAwMDAsInJlYWQiOjMwMDAwMDAwMDAwMCwidXBkYXRlIjoyNzAwMDAwMDAwMDAwfX0=",
          "dependencies": [
            "azurerm_network_interface.www_web1_nic",
            "azurerm_resource_group.www_rg",
            "azurerm_subnet.www_web1",
            "azurerm_virtual_network.www_vnet0"
          ]
        }
      ]
    },
    {
      "mode": "managed",
      "type": "azurerm_linux_virtual_machine",
      "name": "www_web2vm",
      "provider": "provider[\"registry.terraform.io/hashicorp/azurerm\"]",
      "instances": [
        {
          "schema_version": 0,
          "attributes": {
            "additional_capabilities": [],
            "admin_password": null,
            "admin_ssh_key": [
              {
                "public_key": "ssh-ed25519 AAAAC3NzaC1lZDI1NTE5AAAAIPQMz6pXp11KhT0hWvtjhfnWCxvVEauRhw7dTgunou4M \r\n",
                "username": "www"
              }
            ],
            "admin_username": "www",
            "allow_extension_operations": true,
            "availability_set_id": "",
            "boot_diagnostics": [
              {
                "storage_account_uri": ""
              }
            ],
            "bypass_platform_safety_checks_on_user_schedule_enabled": false,
            "capacity_reservation_group_id": "",
            "computer_name": "www-web2vm",
            "custom_data": null,
            "dedicated_host_group_id": "",
            "dedicated_host_id": "",
            "disable_password_authentication": true,
            "disk_controller_type": "SCSI",
            "edge_zone": "",
            "encryption_at_host_enabled": false,
            "eviction_policy": "",
            "extensions_time_budget": "PT1H30M",
            "gallery_application": [],
            "id": "/subscriptions/99b79efe-ebd6-468c-b39f-5669acb259e1/resourceGroups/04-T1-www/providers/Microsoft.Compute/virtualMachines/www-web2vm",
            "identity": [
              {
                "identity_ids": [],
                "principal_id": "bd13fc9c-97c9-43c5-bc38-db4ba23ca667",
                "tenant_id": "548e9ef4-b1d5-48fa-b220-59f52d6db511",
                "type": "SystemAssigned"
              }
            ],
            "license_type": "",
            "location": "koreacentral",
            "max_bid_price": -1,
            "name": "www-web2vm",
            "network_interface_ids": [
              "/subscriptions/99b79efe-ebd6-468c-b39f-5669acb259e1/resourceGroups/04-T1-www/providers/Microsoft.Network/networkInterfaces/www-web2-nic"
            ],
            "os_disk": [
              {
                "caching": "ReadWrite",
                "diff_disk_settings": [],
                "disk_encryption_set_id": "",
                "disk_size_gb": 10,
                "id": "/subscriptions/99b79efe-ebd6-468c-b39f-5669acb259e1/resourceGroups/04-T1-www/providers/Microsoft.Compute/disks/www-web2vm_disk1_e51430f85ecc42b6983d570a4882aaf5",
                "name": "www-web2vm_disk1_e51430f85ecc42b6983d570a4882aaf5",
                "secure_vm_disk_encryption_set_id": "",
                "security_encryption_type": "",
                "storage_account_type": "Standard_LRS",
                "write_accelerator_enabled": false
              }
            ],
            "os_image_notification": [],
            "os_managed_disk_id": "/subscriptions/99b79efe-ebd6-468c-b39f-5669acb259e1/resourceGroups/04-T1-www/providers/Microsoft.Compute/disks/www-web2vm_disk1_e51430f85ecc42b6983d570a4882aaf5",
            "patch_assessment_mode": "ImageDefault",
            "patch_mode": "ImageDefault",
            "plan": [
              {
                "name": "9-lvm",
                "product": "rockylinux-x86_64",
                "publisher": "resf"
              }
            ],
            "platform_fault_domain": -1,
            "priority": "Regular",
            "private_ip_address": "10.0.3.4",
            "private_ip_addresses": [
              "10.0.3.4"
            ],
            "provision_vm_agent": true,
            "proximity_placement_group_id": "",
            "public_ip_address": "",
            "public_ip_addresses": [],
            "reboot_setting": "",
            "resource_group_name": "04-T1-www",
            "secret": [],
            "secure_boot_enabled": false,
            "size": "Standard_B4as_v2",
            "source_image_id": "",
            "source_image_reference": [
              {
                "offer": "rockylinux-x86_64",
                "publisher": "resf",
                "sku": "9-lvm",
                "version": "9.3.20231113"
              }
            ],
            "tags": null,
            "termination_notification": null,
            "timeouts": null,
            "user_data": "IyEgL2Jpbi9iYXNoDQpzZXRlbmZvcmNlIDANCmdydWJieSAtLXVwZGF0ZS1rZXJuZWwgQUxMIC0tYXJncyBzZWxpbnV4PTANCg0KIyDtjKjtgqTsp4Ag7ISk7LmYDQpkbmYgaW5zdGFsbCAteSB3Z2V0IGh0dHBkIHBocCBwaHAtZ2QgcGhwLW9wY2FjaGUgcGhwLW15c3FsbmQgcGhwLXBlY2wtcmVkaXM1IGx5bnggbXlzcWwgdW56aXANCg0KIyDsm4zrk5ztlITroIjsiqQg7ISk7LmYIOuwjyDshKTsoJUNCndnZXQgaHR0cHM6Ly9rby53b3JkcHJlc3Mub3JnL3dvcmRwcmVzcy02LjguMy1rb19LUi50YXIuZ3oNCnRhciB4dmZ6IHdvcmRwcmVzcy02LjguMy1rb19LUi50YXIuZ3oNCmNwIC1hciB3b3JkcHJlc3MvKiAvdmFyL3d3dy9odG1sDQpzZWQgLWkgJ3MvRGlyZWN0b3J5SW5kZXggaW5kZXguaHRtbC9EaXJlY3RvcnlJbmRleCBpbmRleC5waHAvZycgL2V0Yy9odHRwZC9jb25mL2h0dHBkLmNvbmYNCmNwIC92YXIvd3d3L2h0bWwvd3AtY29uZmlnLXNhbXBsZS5waHAgL3Zhci93d3cvaHRtbC93cC1jb25maWcucGhwDQojIC4uLiAoREIg7ISk7KCVIOuwjyBSZWRpcyDshKTsoJUg7L2U65OcIOyDneuetSkgLi4uDQoNCiMgLS0tLS0tLS0tLS0tLS0tLS0tLS0tLS0tLS0tLS0tLS0tLS0tLS0tLS0tLS0tLS0tLS0tLQ0KIyDwn5SRIFvsiJjsoJUgMV0g7ZWE7IiYOiDsm7kg7ISc67mE7IqkIOyLnOyekSDsoITsl5Ag6raM7ZWcIOyEpOyglSAo7KO87ISdIO2VtOygnCDrsI8g7Iic7IScIOuzgOqyvSkNCiMgLS0tLS0tLS0tLS0tLS0tLS0tLS0tLS0tLS0tLS0tLS0tLS0tLS0tLS0tLS0tLS0tLS0tLQ0KY2hvd24gLVIgYXBhY2hlOmFwYWNoZSAvdmFyL3d3dy9odG1sDQpjaG1vZCAtUiA3NTUgL3Zhci93d3cvaHRtbA0KDQojIGhlYWx0aC5odG1sIO2MjOydvCDsg53shLEg67CPIOq2jO2VnCDshKTsoJUNCmVjaG8gJEhPU1ROQU1FID4gL3Zhci93d3cvaHRtbC9oZWFsdGguaHRtbA0KIyBoZWFsdGguaHRtbCDtjIzsnbzsnbQgQXBhY2hl6rCAIOygkeq3vCDqsIDriqXtlZjrj4TroZ0g66qF7ZmV7Z6IIOq2jO2VnCDshKTsoJUNCmNob3duIGFwYWNoZTphcGFjaGUgL3Zhci93d3cvaHRtbC9oZWFsdGguaHRtbCANCg0KIyAtLS0tLS0tLS0tLS0tLS0tLS0tLS0tLS0tLS0tLS0tLS0tLS0tLS0tLS0tLS0tLS0tLS0tDQojIPCflJEgW+yImOyglSAyXSDshJzruYTsiqQg7Iuc7J6RICjqtoztlZwg7ISk7KCVIOydtO2bhCkNCiMgLS0tLS0tLS0tLS0tLS0tLS0tLS0tLS0tLS0tLS0tLS0tLS0tLS0tLS0tLS0tLS0tLS0tLQ0KZmlyZXdhbGwtY21kIC0tcGVybWFuZW50IC0tYWRkLXNlcnZpY2U9aHR0cA0KZmlyZXdhbGwtY21kIC0tcGVybWFuZW50IC0tYWRkLXNlcnZpY2U9aHR0cHMNCmZpcmV3YWxsLWNtZCAtLXBlcm1hbmVudCAtLWFkZC1zZXJ2aWNlPXNzaA0KDQojIFvsiJjsoJUg7KCEXQ0KZmlyZXdhbGwtY21kIC0tcGVybWFuZW50IC0tem9uZT10cnVzdGVkIC0tYWRkLXNvdXJjZT0xMC4wLjAuMC8yNA0KDQojIFvsiJjsoJUg7ZuEXSBBcHBsaWNhdGlvbiBHYXRld2F56rCAIOyeiOuKlCAxOTIuMTY4LjAuMC8yNCDrjIDsl60g7ZeI7JqpDQpmaXJld2FsbC1jbWQgLS1wZXJtYW5lbnQgLS16b25lPXRydXN0ZWQgLS1hZGQtc291cmNlPTE5Mi4xNjguMC4wLzI0DQpzeXN0ZW1jdGwgZW5hYmxlIC0tbm93IGh0dHBkDQoNCiMgLS0tLS0tLS0tLS0tLS0tLS0tLS0tLS0tLS0tLS0tLS0tLS0tLS0tLS0tLS0tLS0tLS0tLQ0KIyDinYwgW+yCreygnF0g7LmY66qF7KCB7J24IOusuOygnDogaW5kZXguaHRtbCDsg53shLEg67iU66GdIOyghOyytCDsgq3soJwNCiMgLS0tLS0tLS0tLS0tLS0tLS0tLS0tLS0tLS0tLS0tLS0tLS0tLS0tLS0tLS0tLS0tLS0tLQ0KIyDquLDsobQg7Iqk7YGs66a97Yq47J2YIOuniOyngOuniSDrtoDrtoTsl5Ag7J6I642YDQojIGNhdCA8PEVPRiA+IC92YXIvd3d3L2h0bWwvaW5kZXguaHRtbCAuLi4gRU9GIOu4lOuhneydgA0KIyDsm4zrk5ztlITroIjsiqQg7J6R64+Z7J2EIOuwqe2VtO2VmOuvgOuhnCDsmYTsoITtnogg7KCc6rGw7ZW07JW8IO2VqeuLiOuLpC4=",
            "virtual_machine_id": "1c9721b9-c63c-4a0c-9fad-7abcbf0d63a0",
            "virtual_machine_scale_set_id": "",
            "vm_agent_platform_updates_enabled": false,
            "vtpm_enabled": false,
            "zone": ""
          },
          "sensitive_attributes": [
            [
              {
                "type": "get_attr",
                "value": "admin_password"
              }
            ],
            [
              {
                "type": "get_attr",
                "value": "custom_data"
              }
            ]
          ],
          "identity_schema_version": 0,
          "private": "eyJlMmJmYjczMC1lY2FhLTExZTYtOGY4OC0zNDM2M2JjN2M0YzAiOnsiY3JlYXRlIjoyNzAwMDAwMDAwMDAwLCJkZWxldGUiOjI3MDAwMDAwMDAwMDAsInJlYWQiOjMwMDAwMDAwMDAwMCwidXBkYXRlIjoyNzAwMDAwMDAwMDAwfX0=",
          "dependencies": [
            "azurerm_network_interface.www_web2_nic",
            "azurerm_resource_group.www_rg",
            "azurerm_subnet.www_web2",
            "azurerm_virtual_network.www_vnet0"
          ]
        }
      ]
    },
    {
      "mode": "managed",
      "type": "azurerm_managed_disk",
      "name": "www_disk",
      "provider": "provider[\"registry.terraform.io/hashicorp/azurerm\"]",
      "instances": [
        {
          "schema_version": 1,
          "attributes": {
            "create_option": "Copy",
            "disk_access_id": "",
            "disk_encryption_set_id": "",
            "disk_iops_read_only": 0,
            "disk_iops_read_write": 500,
            "disk_mbps_read_only": 0,
            "disk_mbps_read_write": 100,
            "disk_size_gb": 10,
            "edge_zone": "",
            "encryption_settings": [],
            "gallery_image_reference_id": "",
            "hyper_v_generation": "V2",
            "id": "/subscriptions/99b79efe-ebd6-468c-b39f-5669acb259e1/resourceGroups/04-T1-www/providers/Microsoft.Compute/disks/www-disk",
            "image_reference_id": "",
            "location": "koreacentral",
            "logical_sector_size": null,
            "max_shares": 0,
            "name": "www-disk",
            "network_access_policy": "AllowAll",
            "on_demand_bursting_enabled": false,
            "optimized_frequent_attach_enabled": false,
            "os_type": "Linux",
            "performance_plus_enabled": false,
            "public_network_access_enabled": true,
            "resource_group_name": "04-T1-www",
            "secure_vm_disk_encryption_set_id": "",
            "security_type": "",
            "source_resource_id": "/subscriptions/99b79efe-ebd6-468c-b39f-5669acb259e1/resourceGroups/04-T1-www/providers/Microsoft.Compute/disks/www-web2vm_disk1_e51430f85ecc42b6983d570a4882aaf5",
            "source_uri": "",
            "storage_account_id": "",
            "storage_account_type": "StandardSSD_LRS",
            "tags": null,
            "tier": "",
            "timeouts": null,
            "trusted_launch_enabled": false,
            "upload_size_bytes": 0,
            "zone": ""
          },
          "sensitive_attributes": [],
          "identity_schema_version": 0,
          "identity": {
            "name": "www-disk",
            "resource_group_name": "04-T1-www",
            "subscription_id": "99b79efe-ebd6-468c-b39f-5669acb259e1"
          },
          "private": "eyJlMmJmYjczMC1lY2FhLTExZTYtOGY4OC0zNDM2M2JjN2M0YzAiOnsiY3JlYXRlIjoxODAwMDAwMDAwMDAwLCJkZWxldGUiOjE4MDAwMDAwMDAwMDAsInJlYWQiOjMwMDAwMDAwMDAwMCwidXBkYXRlIjoxODAwMDAwMDAwMDAwfSwic2NoZW1hX3ZlcnNpb24iOiIxIn0=",
          "dependencies": [
            "azurerm_linux_virtual_machine.www_web2vm",
            "azurerm_network_interface.www_web2_nic",
            "azurerm_resource_group.www_rg",
            "azurerm_subnet.www_web2",
            "azurerm_virtual_network.www_vnet0",
            "null_resource.www_web2_deallocate"
          ]
        }
      ]
    },
    {
      "mode": "managed",
      "type": "azurerm_nat_gateway",
      "name": "www_nat",
      "provider": "provider[\"registry.terraform.io/hashicorp/azurerm\"]",
      "instances": [
        {
          "schema_version": 0,
          "attributes": {
            "id": "/subscriptions/99b79efe-ebd6-468c-b39f-5669acb259e1/resourceGroups/04-T1-www/providers/Microsoft.Network/natGateways/www-nat",
            "idle_timeout_in_minutes": 4,
            "location": "koreacentral",
            "name": "www-nat",
            "resource_group_name": "04-T1-www",
            "resource_guid": "689676f9-118c-481a-a958-d3d2e297139e",
            "sku_name": "Standard",
            "tags": null,
            "timeouts": null,
            "zones": null
          },
          "sensitive_attributes": [],
          "identity_schema_version": 0,
          "identity": {
            "name": "www-nat",
            "resource_group_name": "04-T1-www",
            "subscription_id": "99b79efe-ebd6-468c-b39f-5669acb259e1"
          },
          "private": "eyJlMmJmYjczMC1lY2FhLTExZTYtOGY4OC0zNDM2M2JjN2M0YzAiOnsiY3JlYXRlIjozNjAwMDAwMDAwMDAwLCJkZWxldGUiOjM2MDAwMDAwMDAwMDAsInJlYWQiOjMwMDAwMDAwMDAwMCwidXBkYXRlIjozNjAwMDAwMDAwMDAwfX0=",
          "dependencies": [
            "azurerm_resource_group.www_rg"
          ]
        }
      ]
    },
    {
      "mode": "managed",
      "type": "azurerm_nat_gateway",
      "name": "www_nat_v1",
      "provider": "provider[\"registry.terraform.io/hashicorp/azurerm\"]",
      "instances": [
        {
          "schema_version": 0,
          "attributes": {
            "id": "/subscriptions/99b79efe-ebd6-468c-b39f-5669acb259e1/resourceGroups/04-T1-www/providers/Microsoft.Network/natGateways/www-nat-v1",
            "idle_timeout_in_minutes": 4,
            "location": "koreasouth",
            "name": "www-nat-v1",
            "resource_group_name": "04-T1-www",
            "resource_guid": "e55bcf2d-ba39-4edc-a450-c6edc3f3647b",
            "sku_name": "Standard",
            "tags": null,
            "timeouts": null,
            "zones": null
          },
          "sensitive_attributes": [],
          "identity_schema_version": 0,
          "identity": {
            "name": "www-nat-v1",
            "resource_group_name": "04-T1-www",
            "subscription_id": "99b79efe-ebd6-468c-b39f-5669acb259e1"
          },
          "private": "eyJlMmJmYjczMC1lY2FhLTExZTYtOGY4OC0zNDM2M2JjN2M0YzAiOnsiY3JlYXRlIjozNjAwMDAwMDAwMDAwLCJkZWxldGUiOjM2MDAwMDAwMDAwMDAsInJlYWQiOjMwMDAwMDAwMDAwMCwidXBkYXRlIjozNjAwMDAwMDAwMDAwfX0=",
          "dependencies": [
            "azurerm_resource_group.www_rg"
          ]
        }
      ]
    },
    {
      "mode": "managed",
      "type": "azurerm_nat_gateway_public_ip_association",
      "name": "www_nat_pubip",
      "provider": "provider[\"registry.terraform.io/hashicorp/azurerm\"]",
      "instances": [
        {
          "schema_version": 0,
          "attributes": {
            "id": "/subscriptions/99b79efe-ebd6-468c-b39f-5669acb259e1/resourceGroups/04-T1-www/providers/Microsoft.Network/natGateways/www-nat|/subscriptions/99b79efe-ebd6-468c-b39f-5669acb259e1/resourceGroups/04-T1-www/providers/Microsoft.Network/publicIPAddresses/www-natip",
            "nat_gateway_id": "/subscriptions/99b79efe-ebd6-468c-b39f-5669acb259e1/resourceGroups/04-T1-www/providers/Microsoft.Network/natGateways/www-nat",
            "public_ip_address_id": "/subscriptions/99b79efe-ebd6-468c-b39f-5669acb259e1/resourceGroups/04-T1-www/providers/Microsoft.Network/publicIPAddresses/www-natip",
            "timeouts": null
          },
          "sensitive_attributes": [],
          "identity_schema_version": 0,
          "private": "eyJlMmJmYjczMC1lY2FhLTExZTYtOGY4OC0zNDM2M2JjN2M0YzAiOnsiY3JlYXRlIjoxODAwMDAwMDAwMDAwLCJkZWxldGUiOjE4MDAwMDAwMDAwMDAsInJlYWQiOjMwMDAwMDAwMDAwMH19",
          "dependencies": [
            "azurerm_nat_gateway.www_nat",
            "azurerm_public_ip.www_natip",
            "azurerm_resource_group.www_rg"
          ]
        }
      ]
    },
    {
      "mode": "managed",
      "type": "azurerm_nat_gateway_public_ip_association",
      "name": "www_nat_v1_pubip",
      "provider": "provider[\"registry.terraform.io/hashicorp/azurerm\"]",
      "instances": [
        {
          "schema_version": 0,
          "attributes": {
            "id": "/subscriptions/99b79efe-ebd6-468c-b39f-5669acb259e1/resourceGroups/04-T1-www/providers/Microsoft.Network/natGateways/www-nat-v1|/subscriptions/99b79efe-ebd6-468c-b39f-5669acb259e1/resourceGroups/04-T1-www/providers/Microsoft.Network/publicIPAddresses/www-natip-v1",
            "nat_gateway_id": "/subscriptions/99b79efe-ebd6-468c-b39f-5669acb259e1/resourceGroups/04-T1-www/providers/Microsoft.Network/natGateways/www-nat-v1",
            "public_ip_address_id": "/subscriptions/99b79efe-ebd6-468c-b39f-5669acb259e1/resourceGroups/04-T1-www/providers/Microsoft.Network/publicIPAddresses/www-natip-v1",
            "timeouts": null
          },
          "sensitive_attributes": [],
          "identity_schema_version": 0,
          "private": "eyJlMmJmYjczMC1lY2FhLTExZTYtOGY4OC0zNDM2M2JjN2M0YzAiOnsiY3JlYXRlIjoxODAwMDAwMDAwMDAwLCJkZWxldGUiOjE4MDAwMDAwMDAwMDAsInJlYWQiOjMwMDAwMDAwMDAwMH19",
          "dependencies": [
            "azurerm_nat_gateway.www_nat_v1",
            "azurerm_public_ip.www_natip_v1",
            "azurerm_resource_group.www_rg"
          ]
        }
      ]
    },
    {
      "mode": "managed",
      "type": "azurerm_network_interface",
      "name": "www_bas_nic",
      "provider": "provider[\"registry.terraform.io/hashicorp/azurerm\"]",
      "instances": [
        {
          "schema_version": 0,
          "attributes": {
            "accelerated_networking_enabled": false,
            "applied_dns_servers": [],
            "auxiliary_mode": "",
            "auxiliary_sku": "",
            "dns_servers": null,
            "edge_zone": "",
            "id": "/subscriptions/99b79efe-ebd6-468c-b39f-5669acb259e1/resourceGroups/04-T1-www/providers/Microsoft.Network/networkInterfaces/www-bas-nic",
            "internal_dns_name_label": "",
            "internal_domain_name_suffix": "ilcdlgi1u2petlbsr05i13zurb.syx.internal.cloudapp.net",
            "ip_configuration": [
              {
                "gateway_load_balancer_frontend_ip_configuration_id": "",
                "name": "www-bas-nic-ipconf",
                "primary": true,
                "private_ip_address": "10.0.0.4",
                "private_ip_address_allocation": "Static",
                "private_ip_address_version": "IPv4",
                "public_ip_address_id": "/subscriptions/99b79efe-ebd6-468c-b39f-5669acb259e1/resourceGroups/04-T1-www/providers/Microsoft.Network/publicIPAddresses/www-pubip",
                "subnet_id": "/subscriptions/99b79efe-ebd6-468c-b39f-5669acb259e1/resourceGroups/04-T1-www/providers/Microsoft.Network/virtualNetworks/www-vnet0/subnets/www-bas"
              }
            ],
            "ip_forwarding_enabled": false,
            "location": "koreacentral",
            "mac_address": "",
            "name": "www-bas-nic",
            "private_ip_address": "10.0.0.4",
            "private_ip_addresses": [
              "10.0.0.4"
            ],
            "resource_group_name": "04-T1-www",
            "tags": null,
            "timeouts": null,
            "virtual_machine_id": ""
          },
          "sensitive_attributes": [],
          "identity_schema_version": 0,
          "identity": {
            "name": "www-bas-nic",
            "resource_group_name": "04-T1-www",
            "subscription_id": "99b79efe-ebd6-468c-b39f-5669acb259e1"
          },
          "private": "eyJlMmJmYjczMC1lY2FhLTExZTYtOGY4OC0zNDM2M2JjN2M0YzAiOnsiY3JlYXRlIjoxODAwMDAwMDAwMDAwLCJkZWxldGUiOjE4MDAwMDAwMDAwMDAsInJlYWQiOjMwMDAwMDAwMDAwMCwidXBkYXRlIjoxODAwMDAwMDAwMDAwfX0=",
          "dependencies": [
            "azurerm_public_ip.www_basip",
            "azurerm_resource_group.www_rg",
            "azurerm_subnet.www_bas",
            "azurerm_virtual_network.www_vnet0"
          ]
        }
      ]
    },
    {
      "mode": "managed",
      "type": "azurerm_network_interface",
      "name": "www_db_nic",
      "provider": "provider[\"registry.terraform.io/hashicorp/azurerm\"]",
      "instances": [
        {
          "schema_version": 0,
          "attributes": {
            "accelerated_networking_enabled": false,
            "applied_dns_servers": [],
            "auxiliary_mode": "",
            "auxiliary_sku": "",
            "dns_servers": null,
            "edge_zone": "",
            "id": "/subscriptions/99b79efe-ebd6-468c-b39f-5669acb259e1/resourceGroups/04-T1-www/providers/Microsoft.Network/networkInterfaces/www-db-nic",
            "internal_dns_name_label": "",
            "internal_domain_name_suffix": "ilcdlgi1u2petlbsr05i13zurb.syx.internal.cloudapp.net",
            "ip_configuration": [
              {
                "gateway_load_balancer_frontend_ip_configuration_id": "",
                "name": "www-db-nic-ipconf",
                "primary": true,
                "private_ip_address": "10.0.4.4",
                "private_ip_address_allocation": "Static",
                "private_ip_address_version": "IPv4",
                "public_ip_address_id": "",
                "subnet_id": "/subscriptions/99b79efe-ebd6-468c-b39f-5669acb259e1/resourceGroups/04-T1-www/providers/Microsoft.Network/virtualNetworks/www-vnet0/subnets/www-db"
              }
            ],
            "ip_forwarding_enabled": false,
            "location": "koreacentral",
            "mac_address": "",
            "name": "www-db-nic",
            "private_ip_address": "10.0.4.4",
            "private_ip_addresses": [
              "10.0.4.4"
            ],
            "resource_group_name": "04-T1-www",
            "tags": null,
            "timeouts": null,
            "virtual_machine_id": ""
          },
          "sensitive_attributes": [],
          "identity_schema_version": 0,
          "identity": {
            "name": "www-db-nic",
            "resource_group_name": "04-T1-www",
            "subscription_id": "99b79efe-ebd6-468c-b39f-5669acb259e1"
          },
          "private": "eyJlMmJmYjczMC1lY2FhLTExZTYtOGY4OC0zNDM2M2JjN2M0YzAiOnsiY3JlYXRlIjoxODAwMDAwMDAwMDAwLCJkZWxldGUiOjE4MDAwMDAwMDAwMDAsInJlYWQiOjMwMDAwMDAwMDAwMCwidXBkYXRlIjoxODAwMDAwMDAwMDAwfX0=",
          "dependencies": [
            "azurerm_resource_group.www_rg",
            "azurerm_subnet.www_db",
            "azurerm_virtual_network.www_vnet0"
          ]
        }
      ]
    },
    {
      "mode": "managed",
      "type": "azurerm_network_interface",
      "name": "www_web1_nic",
      "provider": "provider[\"registry.terraform.io/hashicorp/azurerm\"]",
      "instances": [
        {
          "schema_version": 0,
          "attributes": {
            "accelerated_networking_enabled": false,
            "applied_dns_servers": [],
            "auxiliary_mode": "",
            "auxiliary_sku": "",
            "dns_servers": null,
            "edge_zone": "",
            "id": "/subscriptions/99b79efe-ebd6-468c-b39f-5669acb259e1/resourceGroups/04-T1-www/providers/Microsoft.Network/networkInterfaces/www-web1-nic",
            "internal_dns_name_label": "",
            "internal_domain_name_suffix": "ilcdlgi1u2petlbsr05i13zurb.syx.internal.cloudapp.net",
            "ip_configuration": [
              {
                "gateway_load_balancer_frontend_ip_configuration_id": "",
                "name": "www-web1-nic-ipconf",
                "primary": true,
                "private_ip_address": "10.0.2.4",
                "private_ip_address_allocation": "Static",
                "private_ip_address_version": "IPv4",
                "public_ip_address_id": "",
                "subnet_id": "/subscriptions/99b79efe-ebd6-468c-b39f-5669acb259e1/resourceGroups/04-T1-www/providers/Microsoft.Network/virtualNetworks/www-vnet0/subnets/www-web1"
              }
            ],
            "ip_forwarding_enabled": false,
            "location": "koreacentral",
            "mac_address": "",
            "name": "www-web1-nic",
            "private_ip_address": "10.0.2.4",
            "private_ip_addresses": [
              "10.0.2.4"
            ],
            "resource_group_name": "04-T1-www",
            "tags": null,
            "timeouts": null,
            "virtual_machine_id": ""
          },
          "sensitive_attributes": [],
          "identity_schema_version": 0,
          "identity": {
            "name": "www-web1-nic",
            "resource_group_name": "04-T1-www",
            "subscription_id": "99b79efe-ebd6-468c-b39f-5669acb259e1"
          },
          "private": "eyJlMmJmYjczMC1lY2FhLTExZTYtOGY4OC0zNDM2M2JjN2M0YzAiOnsiY3JlYXRlIjoxODAwMDAwMDAwMDAwLCJkZWxldGUiOjE4MDAwMDAwMDAwMDAsInJlYWQiOjMwMDAwMDAwMDAwMCwidXBkYXRlIjoxODAwMDAwMDAwMDAwfX0=",
          "dependencies": [
            "azurerm_resource_group.www_rg",
            "azurerm_subnet.www_web1",
            "azurerm_virtual_network.www_vnet0"
          ]
        }
      ]
    },
    {
      "mode": "managed",
      "type": "azurerm_network_interface",
      "name": "www_web1_v1_nic",
      "provider": "provider[\"registry.terraform.io/hashicorp/azurerm\"]",
      "instances": [
        {
          "schema_version": 0,
          "attributes": {
            "accelerated_networking_enabled": false,
            "applied_dns_servers": [],
            "auxiliary_mode": "",
            "auxiliary_sku": "",
            "dns_servers": null,
            "edge_zone": "",
            "id": "/subscriptions/99b79efe-ebd6-468c-b39f-5669acb259e1/resourceGroups/04-T1-www/providers/Microsoft.Network/networkInterfaces/wwwweb1-v1-nic",
            "internal_dns_name_label": "",
            "internal_domain_name_suffix": "e43l2zn1hrvuvbhrczz5g3yqth.psx.internal.cloudapp.net",
            "ip_configuration": [
              {
                "gateway_load_balancer_frontend_ip_configuration_id": "",
                "name": "www-web1-v1-nic-ipconf",
                "primary": true,
                "private_ip_address": "192.168.2.4",
                "private_ip_address_allocation": "Static",
                "private_ip_address_version": "IPv4",
                "public_ip_address_id": "",
                "subnet_id": "/subscriptions/99b79efe-ebd6-468c-b39f-5669acb259e1/resourceGroups/04-T1-www/providers/Microsoft.Network/virtualNetworks/www-vnet1/subnets/www-web1-v1"
              }
            ],
            "ip_forwarding_enabled": false,
            "location": "koreasouth",
            "mac_address": "",
            "name": "wwwweb1-v1-nic",
            "private_ip_address": "192.168.2.4",
            "private_ip_addresses": [
              "192.168.2.4"
            ],
            "resource_group_name": "04-T1-www",
            "tags": null,
            "timeouts": null,
            "virtual_machine_id": ""
          },
          "sensitive_attributes": [],
          "identity_schema_version": 0,
          "identity": {
            "name": "wwwweb1-v1-nic",
            "resource_group_name": "04-T1-www",
            "subscription_id": "99b79efe-ebd6-468c-b39f-5669acb259e1"
          },
          "private": "eyJlMmJmYjczMC1lY2FhLTExZTYtOGY4OC0zNDM2M2JjN2M0YzAiOnsiY3JlYXRlIjoxODAwMDAwMDAwMDAwLCJkZWxldGUiOjE4MDAwMDAwMDAwMDAsInJlYWQiOjMwMDAwMDAwMDAwMCwidXBkYXRlIjoxODAwMDAwMDAwMDAwfX0=",
          "dependencies": [
            "azurerm_resource_group.www_rg",
            "azurerm_subnet.www_web1_v1",
            "azurerm_virtual_network.www_vnet1"
          ]
        }
      ]
    },
    {
      "mode": "managed",
      "type": "azurerm_network_interface",
      "name": "www_web2_nic",
      "provider": "provider[\"registry.terraform.io/hashicorp/azurerm\"]",
      "instances": [
        {
          "schema_version": 0,
          "attributes": {
            "accelerated_networking_enabled": false,
            "applied_dns_servers": [],
            "auxiliary_mode": "",
            "auxiliary_sku": "",
            "dns_servers": null,
            "edge_zone": "",
            "id": "/subscriptions/99b79efe-ebd6-468c-b39f-5669acb259e1/resourceGroups/04-T1-www/providers/Microsoft.Network/networkInterfaces/www-web2-nic",
            "internal_dns_name_label": "",
            "internal_domain_name_suffix": "ilcdlgi1u2petlbsr05i13zurb.syx.internal.cloudapp.net",
            "ip_configuration": [
              {
                "gateway_load_balancer_frontend_ip_configuration_id": "",
                "name": "www-web2-nic-ipconf",
                "primary": true,
                "private_ip_address": "10.0.3.4",
                "private_ip_address_allocation": "Static",
                "private_ip_address_version": "IPv4",
                "public_ip_address_id": "",
                "subnet_id": "/subscriptions/99b79efe-ebd6-468c-b39f-5669acb259e1/resourceGroups/04-T1-www/providers/Microsoft.Network/virtualNetworks/www-vnet0/subnets/www-web2"
              }
            ],
            "ip_forwarding_enabled": false,
            "location": "koreacentral",
            "mac_address": "",
            "name": "www-web2-nic",
            "private_ip_address": "10.0.3.4",
            "private_ip_addresses": [
              "10.0.3.4"
            ],
            "resource_group_name": "04-T1-www",
            "tags": null,
            "timeouts": null,
            "virtual_machine_id": ""
          },
          "sensitive_attributes": [],
          "identity_schema_version": 0,
          "identity": {
            "name": "www-web2-nic",
            "resource_group_name": "04-T1-www",
            "subscription_id": "99b79efe-ebd6-468c-b39f-5669acb259e1"
          },
          "private": "eyJlMmJmYjczMC1lY2FhLTExZTYtOGY4OC0zNDM2M2JjN2M0YzAiOnsiY3JlYXRlIjoxODAwMDAwMDAwMDAwLCJkZWxldGUiOjE4MDAwMDAwMDAwMDAsInJlYWQiOjMwMDAwMDAwMDAwMCwidXBkYXRlIjoxODAwMDAwMDAwMDAwfX0=",
          "dependencies": [
            "azurerm_resource_group.www_rg",
            "azurerm_subnet.www_web2",
            "azurerm_virtual_network.www_vnet0"
          ]
        }
      ]
    },
    {
      "mode": "managed",
      "type": "azurerm_network_interface",
      "name": "www_web2_v1_nic",
      "provider": "provider[\"registry.terraform.io/hashicorp/azurerm\"]",
      "instances": [
        {
          "schema_version": 0,
          "attributes": {
            "accelerated_networking_enabled": false,
            "applied_dns_servers": [],
            "auxiliary_mode": "",
            "auxiliary_sku": "",
            "dns_servers": null,
            "edge_zone": "",
            "id": "/subscriptions/99b79efe-ebd6-468c-b39f-5669acb259e1/resourceGroups/04-T1-www/providers/Microsoft.Network/networkInterfaces/wwwweb2-v1-nic",
            "internal_dns_name_label": "",
            "internal_domain_name_suffix": "e43l2zn1hrvuvbhrczz5g3yqth.psx.internal.cloudapp.net",
            "ip_configuration": [
              {
                "gateway_load_balancer_frontend_ip_configuration_id": "",
                "name": "www-web2-v1-nic-ipconf",
                "primary": true,
                "private_ip_address": "192.168.3.4",
                "private_ip_address_allocation": "Static",
                "private_ip_address_version": "IPv4",
                "public_ip_address_id": "",
                "subnet_id": "/subscriptions/99b79efe-ebd6-468c-b39f-5669acb259e1/resourceGroups/04-T1-www/providers/Microsoft.Network/virtualNetworks/www-vnet1/subnets/www-web2-v1"
              }
            ],
            "ip_forwarding_enabled": false,
            "location": "koreasouth",
            "mac_address": "",
            "name": "wwwweb2-v1-nic",
            "private_ip_address": "192.168.3.4",
            "private_ip_addresses": [
              "192.168.3.4"
            ],
            "resource_group_name": "04-T1-www",
            "tags": null,
            "timeouts": null,
            "virtual_machine_id": ""
          },
          "sensitive_attributes": [],
          "identity_schema_version": 0,
          "identity": {
            "name": "wwwweb2-v1-nic",
            "resource_group_name": "04-T1-www",
            "subscription_id": "99b79efe-ebd6-468c-b39f-5669acb259e1"
          },
          "private": "eyJlMmJmYjczMC1lY2FhLTExZTYtOGY4OC0zNDM2M2JjN2M0YzAiOnsiY3JlYXRlIjoxODAwMDAwMDAwMDAwLCJkZWxldGUiOjE4MDAwMDAwMDAwMDAsInJlYWQiOjMwMDAwMDAwMDAwMCwidXBkYXRlIjoxODAwMDAwMDAwMDAwfX0=",
          "dependencies": [
            "azurerm_resource_group.www_rg",
            "azurerm_subnet.www_web2_v1",
            "azurerm_virtual_network.www_vnet1"
          ]
        }
      ]
    },
    {
      "mode": "managed",
      "type": "azurerm_network_security_group",
      "name": "www_nsg_db",
      "provider": "provider[\"registry.terraform.io/hashicorp/azurerm\"]",
      "instances": [
        {
          "schema_version": 0,
          "attributes": {
            "id": "/subscriptions/99b79efe-ebd6-468c-b39f-5669acb259e1/resourceGroups/04-T1-www/providers/Microsoft.Network/networkSecurityGroups/www_nsg_db",
            "location": "koreacentral",
            "name": "www_nsg_db",
            "resource_group_name": "04-T1-www",
            "security_rule": [
              {
                "access": "Allow",
                "description": "",
                "destination_address_prefix": "10.0.0.0/16",
                "destination_address_prefixes": [],
                "destination_application_security_group_ids": [],
                "destination_port_range": "22",
                "destination_port_ranges": [],
                "direction": "Inbound",
                "name": "ssh",
                "priority": 100,
                "protocol": "Tcp",
                "source_address_prefix": "",
                "source_address_prefixes": [
                  "10.0.0.0/16",
                  "192.168.0.0/16",
                  "61.108.60.26"
                ],
                "source_application_security_group_ids": [],
                "source_port_range": "*",
                "source_port_ranges": []
              },
              {
                "access": "Allow",
                "description": "",
                "destination_address_prefix": "10.0.0.0/16",
                "destination_address_prefixes": [],
                "destination_application_security_group_ids": [],
                "destination_port_range": "3306",
                "destination_port_ranges": [],
                "direction": "Inbound",
                "name": "db",
                "priority": 300,
                "protocol": "Tcp",
                "source_address_prefix": "",
                "source_address_prefixes": [
                  "10.0.0.0/16",
                  "192.168.0.0/16"
                ],
                "source_application_security_group_ids": [],
                "source_port_range": "*",
                "source_port_ranges": []
              }
            ],
            "tags": null,
            "timeouts": null
          },
          "sensitive_attributes": [],
          "identity_schema_version": 0,
          "identity": {
            "name": "www_nsg_db",
            "resource_group_name": "04-T1-www",
            "subscription_id": "99b79efe-ebd6-468c-b39f-5669acb259e1"
          },
          "private": "eyJlMmJmYjczMC1lY2FhLTExZTYtOGY4OC0zNDM2M2JjN2M0YzAiOnsiY3JlYXRlIjoxODAwMDAwMDAwMDAwLCJkZWxldGUiOjE4MDAwMDAwMDAwMDAsInJlYWQiOjMwMDAwMDAwMDAwMCwidXBkYXRlIjoxODAwMDAwMDAwMDAwfX0=",
          "dependencies": [
            "azurerm_resource_group.www_rg"
          ]
        }
      ]
    },
    {
      "mode": "managed",
      "type": "azurerm_network_security_group",
      "name": "www_nsg_http",
      "provider": "provider[\"registry.terraform.io/hashicorp/azurerm\"]",
      "instances": [
        {
          "schema_version": 0,
          "attributes": {
            "id": "/subscriptions/99b79efe-ebd6-468c-b39f-5669acb259e1/resourceGroups/04-T1-www/providers/Microsoft.Network/networkSecurityGroups/www_nsg_http",
            "location": "koreacentral",
            "name": "www_nsg_http",
            "resource_group_name": "04-T1-www",
            "security_rule": [
              {
                "access": "Allow",
                "description": "",
                "destination_address_prefix": "*",
                "destination_address_prefixes": [],
                "destination_application_security_group_ids": [],
                "destination_port_range": "80",
                "destination_port_ranges": [],
                "direction": "Inbound",
                "name": "http",
                "priority": 200,
                "protocol": "Tcp",
                "source_address_prefix": "*",
                "source_address_prefixes": [],
                "source_application_security_group_ids": [],
                "source_port_range": "*",
                "source_port_ranges": []
              },
              {
                "access": "Allow",
                "description": "",
                "destination_address_prefix": "10.0.0.0/16",
                "destination_address_prefixes": [],
                "destination_application_security_group_ids": [],
                "destination_port_range": "22",
                "destination_port_ranges": [],
                "direction": "Inbound",
                "name": "ssh",
                "priority": 100,
                "protocol": "Tcp",
                "source_address_prefix": "",
                "source_address_prefixes": [
                  "10.0.0.0/16",
                  "192.168.0.0/16",
                  "61.108.60.26"
                ],
                "source_application_security_group_ids": [],
                "source_port_range": "*",
                "source_port_ranges": []
              }
            ],
            "tags": null,
            "timeouts": null
          },
          "sensitive_attributes": [],
          "identity_schema_version": 0,
          "identity": {
            "name": "www_nsg_http",
            "resource_group_name": "04-T1-www",
            "subscription_id": "99b79efe-ebd6-468c-b39f-5669acb259e1"
          },
          "private": "eyJlMmJmYjczMC1lY2FhLTExZTYtOGY4OC0zNDM2M2JjN2M0YzAiOnsiY3JlYXRlIjoxODAwMDAwMDAwMDAwLCJkZWxldGUiOjE4MDAwMDAwMDAwMDAsInJlYWQiOjMwMDAwMDAwMDAwMCwidXBkYXRlIjoxODAwMDAwMDAwMDAwfX0=",
          "dependencies": [
            "azurerm_resource_group.www_rg"
          ]
        }
      ]
    },
    {
      "mode": "managed",
      "type": "azurerm_network_security_group",
      "name": "www_nsg_ssh",
      "provider": "provider[\"registry.terraform.io/hashicorp/azurerm\"]",
      "instances": [
        {
          "schema_version": 0,
          "attributes": {
            "id": "/subscriptions/99b79efe-ebd6-468c-b39f-5669acb259e1/resourceGroups/04-T1-www/providers/Microsoft.Network/networkSecurityGroups/www_nsg_ssh",
            "location": "koreacentral",
            "name": "www_nsg_ssh",
            "resource_group_name": "04-T1-www",
            "security_rule": [
              {
                "access": "Allow",
                "description": "",
                "destination_address_prefix": "10.0.0.0/16",
                "destination_address_prefixes": [],
                "destination_application_security_group_ids": [],
                "destination_port_range": "22",
                "destination_port_ranges": [],
                "direction": "Inbound",
                "name": "ssh",
                "priority": 100,
                "protocol": "Tcp",
                "source_address_prefix": "",
                "source_address_prefixes": [
                  "10.0.0.0/16",
                  "192.168.0.0/16",
                  "61.108.60.26"
                ],
                "source_application_security_group_ids": [],
                "source_port_range": "*",
                "source_port_ranges": []
              }
            ],
            "tags": null,
            "timeouts": null
          },
          "sensitive_attributes": [],
          "identity_schema_version": 0,
          "identity": {
            "name": "www_nsg_ssh",
            "resource_group_name": "04-T1-www",
            "subscription_id": "99b79efe-ebd6-468c-b39f-5669acb259e1"
          },
          "private": "eyJlMmJmYjczMC1lY2FhLTExZTYtOGY4OC0zNDM2M2JjN2M0YzAiOnsiY3JlYXRlIjoxODAwMDAwMDAwMDAwLCJkZWxldGUiOjE4MDAwMDAwMDAwMDAsInJlYWQiOjMwMDAwMDAwMDAwMCwidXBkYXRlIjoxODAwMDAwMDAwMDAwfX0=",
          "dependencies": [
            "azurerm_resource_group.www_rg"
          ]
        }
      ]
    },
    {
      "mode": "managed",
      "type": "azurerm_network_security_group",
      "name": "www_v1_nsg_http",
      "provider": "provider[\"registry.terraform.io/hashicorp/azurerm\"]",
      "instances": [
        {
          "schema_version": 0,
          "attributes": {
            "id": "/subscriptions/99b79efe-ebd6-468c-b39f-5669acb259e1/resourceGroups/04-T1-www/providers/Microsoft.Network/networkSecurityGroups/www_v1_nsg_http",
            "location": "koreasouth",
            "name": "www_v1_nsg_http",
            "resource_group_name": "04-T1-www",
            "security_rule": [
              {
                "access": "Allow",
                "description": "",
                "destination_address_prefix": "*",
                "destination_address_prefixes": [],
                "destination_application_security_group_ids": [],
                "destination_port_range": "80",
                "destination_port_ranges": [],
                "direction": "Inbound",
                "name": "http",
                "priority": 200,
                "protocol": "Tcp",
                "source_address_prefix": "*",
                "source_address_prefixes": [],
                "source_application_security_group_ids": [],
                "source_port_range": "*",
                "source_port_ranges": []
              },
              {
                "access": "Allow",
                "description": "",
                "destination_address_prefix": "10.0.0.0/16",
                "destination_address_prefixes": [],
                "destination_application_security_group_ids": [],
                "destination_port_range": "22",
                "destination_port_ranges": [],
                "direction": "Inbound",
                "name": "ssh",
                "priority": 100,
                "protocol": "Tcp",
                "source_address_prefix": "",
                "source_address_prefixes": [
                  "10.0.0.0/16",
                  "192.168.0.0/16",
                  "61.108.60.26"
                ],
                "source_application_security_group_ids": [],
                "source_port_range": "*",
                "source_port_ranges": []
              }
            ],
            "tags": null,
            "timeouts": null
          },
          "sensitive_attributes": [],
          "identity_schema_version": 0,
          "identity": {
            "name": "www_v1_nsg_http",
            "resource_group_name": "04-T1-www",
            "subscription_id": "99b79efe-ebd6-468c-b39f-5669acb259e1"
          },
          "private": "eyJlMmJmYjczMC1lY2FhLTExZTYtOGY4OC0zNDM2M2JjN2M0YzAiOnsiY3JlYXRlIjoxODAwMDAwMDAwMDAwLCJkZWxldGUiOjE4MDAwMDAwMDAwMDAsInJlYWQiOjMwMDAwMDAwMDAwMCwidXBkYXRlIjoxODAwMDAwMDAwMDAwfX0=",
          "dependencies": [
            "azurerm_resource_group.www_rg"
          ]
        }
      ]
    },
    {
      "mode": "managed",
      "type": "azurerm_private_dns_a_record",
      "name": "db_private",
      "provider": "provider[\"registry.terraform.io/hashicorp/azurerm\"]",
      "instances": [
        {
          "schema_version": 0,
          "attributes": {
            "fqdn": "db.04www.cloud.",
            "id": "/subscriptions/99b79efe-ebd6-468c-b39f-5669acb259e1/resourceGroups/04-T1-www/providers/Microsoft.Network/privateDnsZones/04www.cloud/A/db",
            "name": "db",
            "records": [
              "10.0.4.4"
            ],
            "resource_group_name": "04-T1-www",
            "tags": null,
            "timeouts": null,
            "ttl": 300,
            "zone_name": "04www.cloud"
          },
          "sensitive_attributes": [],
          "identity_schema_version": 0,
          "private": "eyJlMmJmYjczMC1lY2FhLTExZTYtOGY4OC0zNDM2M2JjN2M0YzAiOnsiY3JlYXRlIjoxODAwMDAwMDAwMDAwLCJkZWxldGUiOjE4MDAwMDAwMDAwMDAsInJlYWQiOjMwMDAwMDAwMDAwMCwidXBkYXRlIjoxODAwMDAwMDAwMDAwfX0=",
          "dependencies": [
            "azurerm_network_interface.www_db_nic",
            "azurerm_private_dns_zone.private",
            "azurerm_resource_group.www_rg",
            "azurerm_subnet.www_db",
            "azurerm_virtual_network.www_vnet0"
          ]
        }
      ]
    },
    {
      "mode": "managed",
      "type": "azurerm_private_dns_zone",
      "name": "private",
      "provider": "provider[\"registry.terraform.io/hashicorp/azurerm\"]",
      "instances": [
        {
          "schema_version": 0,
          "attributes": {
            "id": "/subscriptions/99b79efe-ebd6-468c-b39f-5669acb259e1/resourceGroups/04-T1-www/providers/Microsoft.Network/privateDnsZones/04www.cloud",
            "max_number_of_record_sets": 25000,
            "max_number_of_virtual_network_links": 1000,
            "max_number_of_virtual_network_links_with_registration": 100,
            "name": "04www.cloud",
            "number_of_record_sets": 1,
            "resource_group_name": "04-T1-www",
            "soa_record": [
              {
                "email": "azureprivatedns-host.microsoft.com",
                "expire_time": 2419200,
                "fqdn": "04www.cloud.",
                "host_name": "azureprivatedns.net",
                "minimum_ttl": 10,
                "refresh_time": 3600,
                "retry_time": 300,
                "serial_number": 1,
                "tags": {},
                "ttl": 3600
              }
            ],
            "tags": null,
            "timeouts": null
          },
          "sensitive_attributes": [],
          "identity_schema_version": 0,
          "identity": {
            "name": "04www.cloud",
            "resource_group_name": "04-T1-www",
            "subscription_id": "99b79efe-ebd6-468c-b39f-5669acb259e1"
          },
          "private": "eyJlMmJmYjczMC1lY2FhLTExZTYtOGY4OC0zNDM2M2JjN2M0YzAiOnsiY3JlYXRlIjoxODAwMDAwMDAwMDAwLCJkZWxldGUiOjE4MDAwMDAwMDAwMDAsInJlYWQiOjMwMDAwMDAwMDAwMCwidXBkYXRlIjoxODAwMDAwMDAwMDAwfX0=",
          "dependencies": [
            "azurerm_resource_group.www_rg"
          ]
        }
      ]
    },
    {
      "mode": "managed",
      "type": "azurerm_private_dns_zone_virtual_network_link",
      "name": "link_vnet0",
      "provider": "provider[\"registry.terraform.io/hashicorp/azurerm\"]",
      "instances": [
        {
          "schema_version": 0,
          "attributes": {
            "id": "/subscriptions/99b79efe-ebd6-468c-b39f-5669acb259e1/resourceGroups/04-T1-www/providers/Microsoft.Network/privateDnsZones/04www.cloud/virtualNetworkLinks/link-vnet0",
            "name": "link-vnet0",
            "private_dns_zone_name": "04www.cloud",
            "registration_enabled": true,
            "resolution_policy": "",
            "resource_group_name": "04-T1-www",
            "tags": null,
            "timeouts": null,
            "virtual_network_id": "/subscriptions/99b79efe-ebd6-468c-b39f-5669acb259e1/resourceGroups/04-T1-www/providers/Microsoft.Network/virtualNetworks/www-vnet0"
          },
          "sensitive_attributes": [],
          "identity_schema_version": 0,
          "identity": {
            "name": "link-vnet0",
            "private_dns_zone_name": "04www.cloud",
            "resource_group_name": "04-T1-www",
            "subscription_id": "99b79efe-ebd6-468c-b39f-5669acb259e1"
          },
          "private": "eyJlMmJmYjczMC1lY2FhLTExZTYtOGY4OC0zNDM2M2JjN2M0YzAiOnsiY3JlYXRlIjoxODAwMDAwMDAwMDAwLCJkZWxldGUiOjE4MDAwMDAwMDAwMDAsInJlYWQiOjMwMDAwMDAwMDAwMCwidXBkYXRlIjoxODAwMDAwMDAwMDAwfX0=",
          "dependencies": [
            "azurerm_private_dns_zone.private",
            "azurerm_resource_group.www_rg",
            "azurerm_virtual_network.www_vnet0"
          ]
        }
      ]
    },
    {
      "mode": "managed",
      "type": "azurerm_private_dns_zone_virtual_network_link",
      "name": "link_vnet1",
      "provider": "provider[\"registry.terraform.io/hashicorp/azurerm\"]",
      "instances": [
        {
          "schema_version": 0,
          "attributes": {
            "id": "/subscriptions/99b79efe-ebd6-468c-b39f-5669acb259e1/resourceGroups/04-T1-www/providers/Microsoft.Network/privateDnsZones/04www.cloud/virtualNetworkLinks/link-vnet1",
            "name": "link-vnet1",
            "private_dns_zone_name": "04www.cloud",
            "registration_enabled": true,
            "resolution_policy": "",
            "resource_group_name": "04-T1-www",
            "tags": null,
            "timeouts": null,
            "virtual_network_id": "/subscriptions/99b79efe-ebd6-468c-b39f-5669acb259e1/resourceGroups/04-T1-www/providers/Microsoft.Network/virtualNetworks/www-vnet1"
          },
          "sensitive_attributes": [],
          "identity_schema_version": 0,
          "identity": {
            "name": "link-vnet1",
            "private_dns_zone_name": "04www.cloud",
            "resource_group_name": "04-T1-www",
            "subscription_id": "99b79efe-ebd6-468c-b39f-5669acb259e1"
          },
          "private": "eyJlMmJmYjczMC1lY2FhLTExZTYtOGY4OC0zNDM2M2JjN2M0YzAiOnsiY3JlYXRlIjoxODAwMDAwMDAwMDAwLCJkZWxldGUiOjE4MDAwMDAwMDAwMDAsInJlYWQiOjMwMDAwMDAwMDAwMCwidXBkYXRlIjoxODAwMDAwMDAwMDAwfX0=",
          "dependencies": [
            "azurerm_private_dns_zone.private",
            "azurerm_resource_group.www_rg",
            "azurerm_virtual_network.www_vnet1"
          ]
        }
      ]
    },
    {
      "mode": "managed",
      "type": "azurerm_public_ip",
      "name": "www_appip",
      "provider": "provider[\"registry.terraform.io/hashicorp/azurerm\"]",
      "instances": [
        {
          "schema_version": 0,
          "attributes": {
            "allocation_method": "Static",
            "ddos_protection_mode": "VirtualNetworkInherited",
            "ddos_protection_plan_id": null,
            "domain_name_label": null,
            "domain_name_label_scope": null,
            "edge_zone": "",
            "fqdn": null,
            "id": "/subscriptions/99b79efe-ebd6-468c-b39f-5669acb259e1/resourceGroups/04-T1-www/providers/Microsoft.Network/publicIPAddresses/www-appip",
            "idle_timeout_in_minutes": 4,
            "ip_address": "20.214.57.53",
            "ip_tags": null,
            "ip_version": "IPv4",
            "location": "koreasouth",
            "name": "www-appip",
            "public_ip_prefix_id": null,
            "resource_group_name": "04-T1-www",
            "reverse_fqdn": null,
            "sku": "Standard",
            "sku_tier": "Regional",
            "tags": null,
            "timeouts": null,
            "zones": null
          },
          "sensitive_attributes": [],
          "identity_schema_version": 0,
          "private": "eyJlMmJmYjczMC1lY2FhLTExZTYtOGY4OC0zNDM2M2JjN2M0YzAiOnsiY3JlYXRlIjoxODAwMDAwMDAwMDAwLCJkZWxldGUiOjE4MDAwMDAwMDAwMDAsInJlYWQiOjMwMDAwMDAwMDAwMCwidXBkYXRlIjoxODAwMDAwMDAwMDAwfX0=",
          "dependencies": [
            "azurerm_resource_group.www_rg"
          ]
        }
      ]
    },
    {
      "mode": "managed",
      "type": "azurerm_public_ip",
      "name": "www_basip",
      "provider": "provider[\"registry.terraform.io/hashicorp/azurerm\"]",
      "instances": [
        {
          "schema_version": 0,
          "attributes": {
            "allocation_method": "Static",
            "ddos_protection_mode": "VirtualNetworkInherited",
            "ddos_protection_plan_id": null,
            "domain_name_label": null,
            "domain_name_label_scope": null,
            "edge_zone": "",
            "fqdn": null,
            "id": "/subscriptions/99b79efe-ebd6-468c-b39f-5669acb259e1/resourceGroups/04-T1-www/providers/Microsoft.Network/publicIPAddresses/www-pubip",
            "idle_timeout_in_minutes": 4,
            "ip_address": "20.196.209.234",
            "ip_tags": null,
            "ip_version": "IPv4",
            "location": "koreacentral",
            "name": "www-pubip",
            "public_ip_prefix_id": null,
            "resource_group_name": "04-T1-www",
            "reverse_fqdn": null,
            "sku": "Standard",
            "sku_tier": "Regional",
            "tags": null,
            "timeouts": null,
            "zones": null
          },
          "sensitive_attributes": [],
          "identity_schema_version": 0,
          "private": "eyJlMmJmYjczMC1lY2FhLTExZTYtOGY4OC0zNDM2M2JjN2M0YzAiOnsiY3JlYXRlIjoxODAwMDAwMDAwMDAwLCJkZWxldGUiOjE4MDAwMDAwMDAwMDAsInJlYWQiOjMwMDAwMDAwMDAwMCwidXBkYXRlIjoxODAwMDAwMDAwMDAwfX0=",
          "dependencies": [
            "azurerm_resource_group.www_rg"
          ]
        }
      ]
    },
    {
      "mode": "managed",
      "type": "azurerm_public_ip",
      "name": "www_natip",
      "provider": "provider[\"registry.terraform.io/hashicorp/azurerm\"]",
      "instances": [
        {
          "schema_version": 0,
          "attributes": {
            "allocation_method": "Static",
            "ddos_protection_mode": "VirtualNetworkInherited",
            "ddos_protection_plan_id": null,
            "domain_name_label": null,
            "domain_name_label_scope": null,
            "edge_zone": "",
            "fqdn": null,
            "id": "/subscriptions/99b79efe-ebd6-468c-b39f-5669acb259e1/resourceGroups/04-T1-www/providers/Microsoft.Network/publicIPAddresses/www-natip",
            "idle_timeout_in_minutes": 4,
            "ip_address": "20.214.167.76",
            "ip_tags": null,
            "ip_version": "IPv4",
            "location": "koreacentral",
            "name": "www-natip",
            "public_ip_prefix_id": null,
            "resource_group_name": "04-T1-www",
            "reverse_fqdn": null,
            "sku": "Standard",
            "sku_tier": "Regional",
            "tags": null,
            "timeouts": null,
            "zones": null
          },
          "sensitive_attributes": [],
          "identity_schema_version": 0,
          "private": "eyJlMmJmYjczMC1lY2FhLTExZTYtOGY4OC0zNDM2M2JjN2M0YzAiOnsiY3JlYXRlIjoxODAwMDAwMDAwMDAwLCJkZWxldGUiOjE4MDAwMDAwMDAwMDAsInJlYWQiOjMwMDAwMDAwMDAwMCwidXBkYXRlIjoxODAwMDAwMDAwMDAwfX0=",
          "dependencies": [
            "azurerm_resource_group.www_rg"
          ]
        }
      ]
    },
    {
      "mode": "managed",
      "type": "azurerm_public_ip",
      "name": "www_natip_v1",
      "provider": "provider[\"registry.terraform.io/hashicorp/azurerm\"]",
      "instances": [
        {
          "schema_version": 0,
          "attributes": {
            "allocation_method": "Static",
            "ddos_protection_mode": "VirtualNetworkInherited",
            "ddos_protection_plan_id": null,
            "domain_name_label": null,
            "domain_name_label_scope": null,
            "edge_zone": "",
            "fqdn": null,
            "id": "/subscriptions/99b79efe-ebd6-468c-b39f-5669acb259e1/resourceGroups/04-T1-www/providers/Microsoft.Network/publicIPAddresses/www-natip-v1",
            "idle_timeout_in_minutes": 4,
            "ip_address": "20.214.34.12",
            "ip_tags": null,
            "ip_version": "IPv4",
            "location": "koreasouth",
            "name": "www-natip-v1",
            "public_ip_prefix_id": null,
            "resource_group_name": "04-T1-www",
            "reverse_fqdn": null,
            "sku": "Standard",
            "sku_tier": "Regional",
            "tags": null,
            "timeouts": null,
            "zones": null
          },
          "sensitive_attributes": [],
          "identity_schema_version": 0,
          "private": "eyJlMmJmYjczMC1lY2FhLTExZTYtOGY4OC0zNDM2M2JjN2M0YzAiOnsiY3JlYXRlIjoxODAwMDAwMDAwMDAwLCJkZWxldGUiOjE4MDAwMDAwMDAwMDAsInJlYWQiOjMwMDAwMDAwMDAwMCwidXBkYXRlIjoxODAwMDAwMDAwMDAwfX0=",
          "dependencies": [
            "azurerm_resource_group.www_rg"
          ]
        }
      ]
    },
    {
      "mode": "managed",
      "type": "azurerm_resource_group",
      "name": "www_rg",
      "provider": "provider[\"registry.terraform.io/hashicorp/azurerm\"]",
      "instances": [
        {
          "schema_version": 0,
          "attributes": {
            "id": "/subscriptions/99b79efe-ebd6-468c-b39f-5669acb259e1/resourceGroups/04-T1-www",
            "location": "koreacentral",
            "managed_by": "",
            "name": "04-T1-www",
            "tags": null,
            "timeouts": null
          },
          "sensitive_attributes": [],
          "identity_schema_version": 0,
          "identity": {
            "name": "04-T1-www",
            "subscription_id": "99b79efe-ebd6-468c-b39f-5669acb259e1"
          },
          "private": "eyJlMmJmYjczMC1lY2FhLTExZTYtOGY4OC0zNDM2M2JjN2M0YzAiOnsiY3JlYXRlIjo1NDAwMDAwMDAwMDAwLCJkZWxldGUiOjU0MDAwMDAwMDAwMDAsInJlYWQiOjMwMDAwMDAwMDAwMCwidXBkYXRlIjo1NDAwMDAwMDAwMDAwfX0="
        }
      ]
    },
    {
      "mode": "managed",
      "type": "azurerm_resource_group_policy_assignment",
      "name": "allowed_locations",
      "provider": "provider[\"registry.terraform.io/hashicorp/azurerm\"]",
      "instances": [
        {
          "schema_version": 0,
          "attributes": {
            "description": "이 정책은 리소스를 한국 리전(Central, South)에만 배포하도록 제한합니다.",
            "display_name": "Allowed Locations - Korea Only",
            "enforce": true,
            "id": "/subscriptions/99b79efe-ebd6-468c-b39f-5669acb259e1/resourceGroups/04-T1-www/providers/Microsoft.Authorization/policyAssignments/allowed-locations",
            "identity": [],
            "location": "",
            "metadata": "{\"createdBy\":\"492131b6-671b-43f1-ac1e-db6a26222569\",\"createdOn\":\"2025-11-27T07:21:49.9796199Z\",\"updatedBy\":null,\"updatedOn\":null}",
            "name": "allowed-locations",
            "non_compliance_message": [],
            "not_scopes": null,
            "overrides": [],
            "parameters": "{\"listOfAllowedLocations\":{\"value\":[\"koreacentral\",\"koreasouth\"]}}",
            "policy_definition_id": "/providers/Microsoft.Authorization/policyDefinitions/e56962a6-4747-49cd-b67b-bf8b01975c4c",
            "resource_group_id": "/subscriptions/99b79efe-ebd6-468c-b39f-5669acb259e1/resourceGroups/04-T1-www",
            "resource_selectors": [],
            "timeouts": null
          },
          "sensitive_attributes": [],
          "identity_schema_version": 0,
          "private": "eyJlMmJmYjczMC1lY2FhLTExZTYtOGY4OC0zNDM2M2JjN2M0YzAiOnsiY3JlYXRlIjoxODAwMDAwMDAwMDAwLCJkZWxldGUiOjE4MDAwMDAwMDAwMDAsInJlYWQiOjMwMDAwMDAwMDAwMCwidXBkYXRlIjoxODAwMDAwMDAwMDAwfX0=",
          "dependencies": [
            "azurerm_resource_group.www_rg"
          ]
        }
      ]
    },
    {
      "mode": "managed",
      "type": "azurerm_resource_group_policy_assignment",
      "name": "storage_https_only",
      "provider": "provider[\"registry.terraform.io/hashicorp/azurerm\"]",
      "instances": [
        {
          "schema_version": 0,
          "attributes": {
            "description": "Storage Account는 HTTPS를 통해서만 액세스할 수 있어야 합니다.",
            "display_name": "Storage Accounts - Secure transfer required",
            "enforce": true,
            "id": "/subscriptions/99b79efe-ebd6-468c-b39f-5669acb259e1/resourceGroups/04-T1-www/providers/Microsoft.Authorization/policyAssignments/storage-https-only",
            "identity": [],
            "location": "",
            "metadata": "{\"createdBy\":\"492131b6-671b-43f1-ac1e-db6a26222569\",\"createdOn\":\"2025-11-27T07:21:51.5418422Z\",\"updatedBy\":null,\"updatedOn\":null}",
            "name": "storage-https-only",
            "non_compliance_message": [],
            "not_scopes": null,
            "overrides": [],
            "parameters": "",
            "policy_definition_id": "/providers/Microsoft.Authorization/policyDefinitions/404c3081-a854-4457-ae30-26a93ef643f9",
            "resource_group_id": "/subscriptions/99b79efe-ebd6-468c-b39f-5669acb259e1/resourceGroups/04-T1-www",
            "resource_selectors": [],
            "timeouts": null
          },
          "sensitive_attributes": [],
          "identity_schema_version": 0,
          "private": "eyJlMmJmYjczMC1lY2FhLTExZTYtOGY4OC0zNDM2M2JjN2M0YzAiOnsiY3JlYXRlIjoxODAwMDAwMDAwMDAwLCJkZWxldGUiOjE4MDAwMDAwMDAwMDAsInJlYWQiOjMwMDAwMDAwMDAwMCwidXBkYXRlIjoxODAwMDAwMDAwMDAwfX0=",
          "dependencies": [
            "azurerm_resource_group.www_rg"
          ]
        }
      ]
    },
    {
      "mode": "managed",
      "type": "azurerm_resource_group_policy_assignment",
      "name": "subnet_nsg_required",
      "provider": "provider[\"registry.terraform.io/hashicorp/azurerm\"]",
      "instances": [
        {
          "schema_version": 0,
          "attributes": {
            "description": "이 정책은 NSG가 없는 서브넷을 감사합니다.",
            "display_name": "Subnets should have a Network Security Group",
            "enforce": true,
            "id": "/subscriptions/99b79efe-ebd6-468c-b39f-5669acb259e1/resourceGroups/04-T1-www/providers/Microsoft.Authorization/policyAssignments/subnet-nsg-required",
            "identity": [],
            "location": "",
            "metadata": "{\"createdBy\":\"492131b6-671b-43f1-ac1e-db6a26222569\",\"createdOn\":\"2025-11-27T07:22:10.9648178Z\",\"updatedBy\":null,\"updatedOn\":null}",
            "name": "subnet-nsg-required",
            "non_compliance_message": [],
            "not_scopes": null,
            "overrides": [],
            "parameters": "",
            "policy_definition_id": "/providers/Microsoft.Authorization/policyDefinitions/e71308d3-144b-4262-b144-efdc3cc90517",
            "resource_group_id": "/subscriptions/99b79efe-ebd6-468c-b39f-5669acb259e1/resourceGroups/04-T1-www",
            "resource_selectors": [],
            "timeouts": null
          },
          "sensitive_attributes": [],
          "identity_schema_version": 0,
          "private": "eyJlMmJmYjczMC1lY2FhLTExZTYtOGY4OC0zNDM2M2JjN2M0YzAiOnsiY3JlYXRlIjoxODAwMDAwMDAwMDAwLCJkZWxldGUiOjE4MDAwMDAwMDAwMDAsInJlYWQiOjMwMDAwMDAwMDAwMCwidXBkYXRlIjoxODAwMDAwMDAwMDAwfX0=",
          "dependencies": [
            "azurerm_resource_group.www_rg"
          ]
        }
      ]
    },
    {
      "mode": "managed",
      "type": "azurerm_resource_group_policy_assignment",
      "name": "vm_managed_disk",
      "provider": "provider[\"registry.terraform.io/hashicorp/azurerm\"]",
      "instances": [
        {
          "schema_version": 0,
          "attributes": {
            "description": "이 정책은 관리 디스크를 사용하지 않는 VM을 감사합니다.",
            "display_name": "Audit VMs that do not use managed disks",
            "enforce": true,
            "id": "/subscriptions/99b79efe-ebd6-468c-b39f-5669acb259e1/resourceGroups/04-T1-www/providers/Microsoft.Authorization/policyAssignments/vm-managed-disk",
            "identity": [],
            "location": "",
            "metadata": "{\"createdBy\":\"492131b6-671b-43f1-ac1e-db6a26222569\",\"createdOn\":\"2025-11-27T07:21:55.5679301Z\",\"updatedBy\":null,\"updatedOn\":null}",
            "name": "vm-managed-disk",
            "non_compliance_message": [],
            "not_scopes": null,
            "overrides": [],
            "parameters": "",
            "policy_definition_id": "/providers/Microsoft.Authorization/policyDefinitions/06a78e20-9358-41c9-923c-fb736d382a4d",
            "resource_group_id": "/subscriptions/99b79efe-ebd6-468c-b39f-5669acb259e1/resourceGroups/04-T1-www",
            "resource_selectors": [],
            "timeouts": null
          },
          "sensitive_attributes": [],
          "identity_schema_version": 0,
          "private": "eyJlMmJmYjczMC1lY2FhLTExZTYtOGY4OC0zNDM2M2JjN2M0YzAiOnsiY3JlYXRlIjoxODAwMDAwMDAwMDAwLCJkZWxldGUiOjE4MDAwMDAwMDAwMDAsInJlYWQiOjMwMDAwMDAwMDAwMCwidXBkYXRlIjoxODAwMDAwMDAwMDAwfX0=",
          "dependencies": [
            "azurerm_resource_group.www_rg"
          ]
        }
      ]
    },
    {
      "mode": "managed",
      "type": "azurerm_role_assignment",
      "name": "compute_role",
      "provider": "provider[\"registry.terraform.io/hashicorp/azurerm\"]",
      "instances": [
        {
          "schema_version": 0,
          "attributes": {
            "condition": "",
            "condition_version": "",
            "delegated_managed_identity_resource_id": "",
            "description": "",
            "id": "/subscriptions/99b79efe-ebd6-468c-b39f-5669acb259e1/resourceGroups/04-T1-www/providers/Microsoft.Authorization/roleAssignments/2e229210-4303-47e1-e32f-28ad2f6e5ed8",
            "name": "2e229210-4303-47e1-e32f-28ad2f6e5ed8",
            "principal_id": "5a54cace-68ce-40f1-b485-b32a226e50e5",
            "principal_type": "User",
            "role_definition_id": "/subscriptions/99b79efe-ebd6-468c-b39f-5669acb259e1/providers/Microsoft.Authorization/roleDefinitions/9980e02c-c2be-4d73-94e8-173b1dc7cf3c",
            "role_definition_name": "Virtual Machine Contributor",
            "scope": "/subscriptions/99b79efe-ebd6-468c-b39f-5669acb259e1/resourceGroups/04-T1-www",
            "skip_service_principal_aad_check": null,
            "timeouts": null
          },
          "sensitive_attributes": [],
          "identity_schema_version": 0,
          "private": "eyJlMmJmYjczMC1lY2FhLTExZTYtOGY4OC0zNDM2M2JjN2M0YzAiOnsiY3JlYXRlIjoxODAwMDAwMDAwMDAwLCJkZWxldGUiOjE4MDAwMDAwMDAwMDAsInJlYWQiOjMwMDAwMDAwMDAwMH19",
          "dependencies": [
            "azurerm_resource_group.www_rg",
            "data.azuread_user.compute_admin"
          ]
        }
      ]
    },
    {
      "mode": "managed",
      "type": "azurerm_role_assignment",
      "name": "db_role",
      "provider": "provider[\"registry.terraform.io/hashicorp/azurerm\"]",
      "instances": [
        {
          "schema_version": 0,
          "attributes": {
            "condition": "",
            "condition_version": "",
            "delegated_managed_identity_resource_id": "",
            "description": "",
            "id": "/subscriptions/99b79efe-ebd6-468c-b39f-5669acb259e1/resourceGroups/04-T1-www/providers/Microsoft.Authorization/roleAssignments/c23f9b0b-02d4-de3a-688c-65cd0c8ea170",
            "name": "c23f9b0b-02d4-de3a-688c-65cd0c8ea170",
            "principal_id": "492131b6-671b-43f1-ac1e-db6a26222569",
            "principal_type": "User",
            "role_definition_id": "/subscriptions/99b79efe-ebd6-468c-b39f-5669acb259e1/providers/Microsoft.Authorization/roleDefinitions/b24988ac-6180-42a0-ab88-20f7382dd24c",
            "role_definition_name": "Contributor",
            "scope": "/subscriptions/99b79efe-ebd6-468c-b39f-5669acb259e1/resourceGroups/04-T1-www",
            "skip_service_principal_aad_check": null,
            "timeouts": null
          },
          "sensitive_attributes": [],
          "identity_schema_version": 0,
          "private": "eyJlMmJmYjczMC1lY2FhLTExZTYtOGY4OC0zNDM2M2JjN2M0YzAiOnsiY3JlYXRlIjoxODAwMDAwMDAwMDAwLCJkZWxldGUiOjE4MDAwMDAwMDAwMDAsInJlYWQiOjMwMDAwMDAwMDAwMH19",
          "dependencies": [
            "azurerm_resource_group.www_rg",
            "data.azuread_user.db_admin"
          ]
        }
      ]
    },
    {
      "mode": "managed",
      "type": "azurerm_role_assignment",
      "name": "network_role",
      "provider": "provider[\"registry.terraform.io/hashicorp/azurerm\"]",
      "instances": [
        {
          "schema_version": 0,
          "attributes": {
            "condition": "",
            "condition_version": "",
            "delegated_managed_identity_resource_id": "",
            "description": "",
            "id": "/subscriptions/99b79efe-ebd6-468c-b39f-5669acb259e1/resourceGroups/04-T1-www/providers/Microsoft.Authorization/roleAssignments/a5fc6006-5e13-30f0-5769-8efb70e2f66a",
            "name": "a5fc6006-5e13-30f0-5769-8efb70e2f66a",
            "principal_id": "459480bc-f44e-4582-8c98-71fa3d881811",
            "principal_type": "User",
            "role_definition_id": "/subscriptions/99b79efe-ebd6-468c-b39f-5669acb259e1/providers/Microsoft.Authorization/roleDefinitions/4d97b98b-1d4f-4787-a291-c67834d212e7",
            "role_definition_name": "Network Contributor",
            "scope": "/subscriptions/99b79efe-ebd6-468c-b39f-5669acb259e1/resourceGroups/04-T1-www",
            "skip_service_principal_aad_check": null,
            "timeouts": null
          },
          "sensitive_attributes": [],
          "identity_schema_version": 0,
          "private": "eyJlMmJmYjczMC1lY2FhLTExZTYtOGY4OC0zNDM2M2JjN2M0YzAiOnsiY3JlYXRlIjoxODAwMDAwMDAwMDAwLCJkZWxldGUiOjE4MDAwMDAwMDAwMDAsInJlYWQiOjMwMDAwMDAwMDAwMH19",
          "dependencies": [
            "azurerm_resource_group.www_rg",
            "data.azuread_user.network_admin"
          ]
        }
      ]
    },
    {
      "mode": "managed",
      "type": "azurerm_role_assignment",
      "name": "pm_role",
      "provider": "provider[\"registry.terraform.io/hashicorp/azurerm\"]",
      "instances": [
        {
          "schema_version": 0,
          "attributes": {
            "condition": "",
            "condition_version": "",
            "delegated_managed_identity_resource_id": "",
            "description": "",
            "id": "/subscriptions/99b79efe-ebd6-468c-b39f-5669acb259e1/resourceGroups/04-T1-www/providers/Microsoft.Authorization/roleAssignments/b62f1081-6cfc-baba-c66c-0e4bb3f5627c",
            "name": "b62f1081-6cfc-baba-c66c-0e4bb3f5627c",
            "principal_id": "cbca0876-4730-495c-8c47-18b9c9af868a",
            "principal_type": "User",
            "role_definition_id": "/subscriptions/99b79efe-ebd6-468c-b39f-5669acb259e1/providers/Microsoft.Authorization/roleDefinitions/8e3af657-a8ff-443c-a75c-2fe8c4bcb635",
            "role_definition_name": "Owner",
            "scope": "/subscriptions/99b79efe-ebd6-468c-b39f-5669acb259e1/resourceGroups/04-T1-www",
            "skip_service_principal_aad_check": null,
            "timeouts": null
          },
          "sensitive_attributes": [],
          "identity_schema_version": 0,
          "private": "eyJlMmJmYjczMC1lY2FhLTExZTYtOGY4OC0zNDM2M2JjN2M0YzAiOnsiY3JlYXRlIjoxODAwMDAwMDAwMDAwLCJkZWxldGUiOjE4MDAwMDAwMDAwMDAsInJlYWQiOjMwMDAwMDAwMDAwMH19",
          "dependencies": [
            "azurerm_resource_group.www_rg",
            "data.azuread_user.pm_user"
          ]
        }
      ]
    },
    {
      "mode": "managed",
      "type": "azurerm_role_assignment",
      "name": "security_role",
      "provider": "provider[\"registry.terraform.io/hashicorp/azurerm\"]",
      "instances": [
        {
          "schema_version": 0,
          "attributes": {
            "condition": "",
            "condition_version": "",
            "delegated_managed_identity_resource_id": "",
            "description": "",
            "id": "/subscriptions/99b79efe-ebd6-468c-b39f-5669acb259e1/resourceGroups/04-T1-www/providers/Microsoft.Authorization/roleAssignments/8440fe13-4a27-2fbf-ad0e-2f8e11647e69",
            "name": "8440fe13-4a27-2fbf-ad0e-2f8e11647e69",
            "principal_id": "b9d57093-411e-4141-b5a5-faf01b0edd17",
            "principal_type": "User",
            "role_definition_id": "/subscriptions/99b79efe-ebd6-468c-b39f-5669acb259e1/providers/Microsoft.Authorization/roleDefinitions/fb1c8493-542b-48eb-b624-b4c8fea62acd",
            "role_definition_name": "Security Admin",
            "scope": "/subscriptions/99b79efe-ebd6-468c-b39f-5669acb259e1/resourceGroups/04-T1-www",
            "skip_service_principal_aad_check": null,
            "timeouts": null
          },
          "sensitive_attributes": [],
          "identity_schema_version": 0,
          "private": "eyJlMmJmYjczMC1lY2FhLTExZTYtOGY4OC0zNDM2M2JjN2M0YzAiOnsiY3JlYXRlIjoxODAwMDAwMDAwMDAwLCJkZWxldGUiOjE4MDAwMDAwMDAwMDAsInJlYWQiOjMwMDAwMDAwMDAwMH19",
          "dependencies": [
            "azurerm_resource_group.www_rg",
            "data.azuread_user.security_admin"
          ]
        }
      ]
    },
    {
      "mode": "managed",
      "type": "azurerm_shared_image",
      "name": "www_sig_image",
      "provider": "provider[\"registry.terraform.io/hashicorp/azurerm\"]",
      "instances": [
        {
          "schema_version": 0,
          "attributes": {
            "accelerated_network_support_enabled": false,
            "architecture": "x64",
            "confidential_vm_enabled": false,
            "confidential_vm_supported": false,
            "description": "",
            "disk_controller_type_nvme_enabled": false,
            "disk_types_not_allowed": null,
            "end_of_life_date": null,
            "eula": "",
            "gallery_name": "wwwwwwgallery",
            "hibernation_enabled": false,
            "hyper_v_generation": "V2",
            "id": "/subscriptions/99b79efe-ebd6-468c-b39f-5669acb259e1/resourceGroups/04-T1-www/providers/Microsoft.Compute/galleries/wwwwwwgallery/images/www-image",
            "identifier": [
              {
                "offer": "rockylinux-x86_64",
                "publisher": "resf",
                "sku": "9-lvm"
              }
            ],
            "location": "koreacentral",
            "max_recommended_memory_in_gb": 4,
            "max_recommended_vcpu_count": 2,
            "min_recommended_memory_in_gb": 2,
            "min_recommended_vcpu_count": 1,
            "name": "www-image",
            "os_type": "Linux",
            "privacy_statement_uri": "",
            "purchase_plan": [],
            "release_note_uri": "",
            "resource_group_name": "04-T1-www",
            "specialized": false,
            "tags": null,
            "timeouts": null,
            "trusted_launch_enabled": false,
            "trusted_launch_supported": false
          },
          "sensitive_attributes": [],
          "identity_schema_version": 0,
          "identity": {
            "gallery_name": "wwwwwwgallery",
            "name": "www-image",
            "resource_group_name": "04-T1-www",
            "subscription_id": "99b79efe-ebd6-468c-b39f-5669acb259e1"
          },
          "private": "eyJlMmJmYjczMC1lY2FhLTExZTYtOGY4OC0zNDM2M2JjN2M0YzAiOnsiY3JlYXRlIjoxODAwMDAwMDAwMDAwLCJkZWxldGUiOjE4MDAwMDAwMDAwMDAsInJlYWQiOjMwMDAwMDAwMDAwMCwidXBkYXRlIjoxODAwMDAwMDAwMDAwfX0=",
          "dependencies": [
            "azurerm_resource_group.www_rg",
            "azurerm_shared_image_gallery.www_gallery"
          ]
        }
      ]
    },
    {
      "mode": "managed",
      "type": "azurerm_shared_image_gallery",
      "name": "www_gallery",
      "provider": "provider[\"registry.terraform.io/hashicorp/azurerm\"]",
      "instances": [
        {
          "schema_version": 0,
          "attributes": {
            "description": "",
            "id": "/subscriptions/99b79efe-ebd6-468c-b39f-5669acb259e1/resourceGroups/04-T1-www/providers/Microsoft.Compute/galleries/wwwwwwgallery",
            "location": "koreacentral",
            "name": "wwwwwwgallery",
            "resource_group_name": "04-T1-www",
            "sharing": [],
            "tags": null,
            "timeouts": null,
            "unique_name": "99b79efe-ebd6-468c-b39f-5669acb259e1-WWWWWWGALLERY"
          },
          "sensitive_attributes": [],
          "identity_schema_version": 0,
          "identity": {
            "name": "wwwwwwgallery",
            "resource_group_name": "04-T1-www",
            "subscription_id": "99b79efe-ebd6-468c-b39f-5669acb259e1"
          },
          "private": "eyJlMmJmYjczMC1lY2FhLTExZTYtOGY4OC0zNDM2M2JjN2M0YzAiOnsiY3JlYXRlIjoxODAwMDAwMDAwMDAwLCJkZWxldGUiOjE4MDAwMDAwMDAwMDAsInJlYWQiOjMwMDAwMDAwMDAwMCwidXBkYXRlIjoxODAwMDAwMDAwMDAwfX0=",
          "dependencies": [
            "azurerm_resource_group.www_rg"
          ]
        }
      ]
    },
    {
      "mode": "managed",
      "type": "azurerm_shared_image_version",
      "name": "www_version",
      "provider": "provider[\"registry.terraform.io/hashicorp/azurerm\"]",
      "instances": []
    },
    {
      "mode": "managed",
      "type": "azurerm_subnet",
      "name": "www_appgw",
      "provider": "provider[\"registry.terraform.io/hashicorp/azurerm\"]",
      "instances": [
        {
          "schema_version": 0,
          "attributes": {
            "address_prefixes": [
              "192.168.0.0/24"
            ],
            "default_outbound_access_enabled": true,
            "delegation": [],
            "id": "/subscriptions/99b79efe-ebd6-468c-b39f-5669acb259e1/resourceGroups/04-T1-www/providers/Microsoft.Network/virtualNetworks/www-vnet1/subnets/www-appgw",
            "ip_address_pool": [],
            "name": "www-appgw",
            "private_endpoint_network_policies": "Disabled",
            "private_link_service_network_policies_enabled": true,
            "resource_group_name": "04-T1-www",
            "service_endpoint_policy_ids": null,
            "service_endpoints": null,
            "sharing_scope": "",
            "timeouts": null,
            "virtual_network_name": "www-vnet1"
          },
          "sensitive_attributes": [],
          "identity_schema_version": 0,
          "identity": {
            "name": "www-appgw",
            "resource_group_name": "04-T1-www",
            "subscription_id": "99b79efe-ebd6-468c-b39f-5669acb259e1",
            "virtual_network_name": "www-vnet1"
          },
          "private": "eyJlMmJmYjczMC1lY2FhLTExZTYtOGY4OC0zNDM2M2JjN2M0YzAiOnsiY3JlYXRlIjoxODAwMDAwMDAwMDAwLCJkZWxldGUiOjE4MDAwMDAwMDAwMDAsInJlYWQiOjMwMDAwMDAwMDAwMCwidXBkYXRlIjoxODAwMDAwMDAwMDAwfX0=",
          "dependencies": [
            "azurerm_resource_group.www_rg",
            "azurerm_virtual_network.www_vnet1"
          ]
        }
      ]
    },
    {
      "mode": "managed",
      "type": "azurerm_subnet",
      "name": "www_bas",
      "provider": "provider[\"registry.terraform.io/hashicorp/azurerm\"]",
      "instances": [
        {
          "schema_version": 0,
          "attributes": {
            "address_prefixes": [
              "10.0.0.0/24"
            ],
            "default_outbound_access_enabled": true,
            "delegation": [],
            "id": "/subscriptions/99b79efe-ebd6-468c-b39f-5669acb259e1/resourceGroups/04-T1-www/providers/Microsoft.Network/virtualNetworks/www-vnet0/subnets/www-bas",
            "ip_address_pool": [],
            "name": "www-bas",
            "private_endpoint_network_policies": "Disabled",
            "private_link_service_network_policies_enabled": true,
            "resource_group_name": "04-T1-www",
            "service_endpoint_policy_ids": null,
            "service_endpoints": null,
            "sharing_scope": "",
            "timeouts": null,
            "virtual_network_name": "www-vnet0"
          },
          "sensitive_attributes": [],
          "identity_schema_version": 0,
          "identity": {
            "name": "www-bas",
            "resource_group_name": "04-T1-www",
            "subscription_id": "99b79efe-ebd6-468c-b39f-5669acb259e1",
            "virtual_network_name": "www-vnet0"
          },
          "private": "eyJlMmJmYjczMC1lY2FhLTExZTYtOGY4OC0zNDM2M2JjN2M0YzAiOnsiY3JlYXRlIjoxODAwMDAwMDAwMDAwLCJkZWxldGUiOjE4MDAwMDAwMDAwMDAsInJlYWQiOjMwMDAwMDAwMDAwMCwidXBkYXRlIjoxODAwMDAwMDAwMDAwfX0=",
          "dependencies": [
            "azurerm_resource_group.www_rg",
            "azurerm_virtual_network.www_vnet0"
          ]
        }
      ]
    },
    {
      "mode": "managed",
      "type": "azurerm_subnet",
      "name": "www_db",
      "provider": "provider[\"registry.terraform.io/hashicorp/azurerm\"]",
      "instances": [
        {
          "schema_version": 0,
          "attributes": {
            "address_prefixes": [
              "10.0.4.0/24"
            ],
            "default_outbound_access_enabled": false,
            "delegation": [],
            "id": "/subscriptions/99b79efe-ebd6-468c-b39f-5669acb259e1/resourceGroups/04-T1-www/providers/Microsoft.Network/virtualNetworks/www-vnet0/subnets/www-db",
            "ip_address_pool": [],
            "name": "www-db",
            "private_endpoint_network_policies": "Disabled",
            "private_link_service_network_policies_enabled": true,
            "resource_group_name": "04-T1-www",
            "service_endpoint_policy_ids": null,
            "service_endpoints": [
              "Microsoft.Storage"
            ],
            "sharing_scope": "",
            "timeouts": null,
            "virtual_network_name": "www-vnet0"
          },
          "sensitive_attributes": [],
          "identity_schema_version": 0,
          "identity": {
            "name": "www-db",
            "resource_group_name": "04-T1-www",
            "subscription_id": "99b79efe-ebd6-468c-b39f-5669acb259e1",
            "virtual_network_name": "www-vnet0"
          },
          "private": "eyJlMmJmYjczMC1lY2FhLTExZTYtOGY4OC0zNDM2M2JjN2M0YzAiOnsiY3JlYXRlIjoxODAwMDAwMDAwMDAwLCJkZWxldGUiOjE4MDAwMDAwMDAwMDAsInJlYWQiOjMwMDAwMDAwMDAwMCwidXBkYXRlIjoxODAwMDAwMDAwMDAwfX0=",
          "dependencies": [
            "azurerm_resource_group.www_rg",
            "azurerm_virtual_network.www_vnet0"
          ]
        }
      ]
    },
    {
      "mode": "managed",
      "type": "azurerm_subnet",
      "name": "www_nat",
      "provider": "provider[\"registry.terraform.io/hashicorp/azurerm\"]",
      "instances": [
        {
          "schema_version": 0,
          "attributes": {
            "address_prefixes": [
              "10.0.1.0/24"
            ],
            "default_outbound_access_enabled": true,
            "delegation": [],
            "id": "/subscriptions/99b79efe-ebd6-468c-b39f-5669acb259e1/resourceGroups/04-T1-www/providers/Microsoft.Network/virtualNetworks/www-vnet0/subnets/www-nat",
            "ip_address_pool": [],
            "name": "www-nat",
            "private_endpoint_network_policies": "Disabled",
            "private_link_service_network_policies_enabled": true,
            "resource_group_name": "04-T1-www",
            "service_endpoint_policy_ids": null,
            "service_endpoints": null,
            "sharing_scope": "",
            "timeouts": null,
            "virtual_network_name": "www-vnet0"
          },
          "sensitive_attributes": [],
          "identity_schema_version": 0,
          "identity": {
            "name": "www-nat",
            "resource_group_name": "04-T1-www",
            "subscription_id": "99b79efe-ebd6-468c-b39f-5669acb259e1",
            "virtual_network_name": "www-vnet0"
          },
          "private": "eyJlMmJmYjczMC1lY2FhLTExZTYtOGY4OC0zNDM2M2JjN2M0YzAiOnsiY3JlYXRlIjoxODAwMDAwMDAwMDAwLCJkZWxldGUiOjE4MDAwMDAwMDAwMDAsInJlYWQiOjMwMDAwMDAwMDAwMCwidXBkYXRlIjoxODAwMDAwMDAwMDAwfX0=",
          "dependencies": [
            "azurerm_resource_group.www_rg",
            "azurerm_virtual_network.www_vnet0"
          ]
        }
      ]
    },
    {
      "mode": "managed",
      "type": "azurerm_subnet",
      "name": "www_nat_v1",
      "provider": "provider[\"registry.terraform.io/hashicorp/azurerm\"]",
      "instances": [
        {
          "schema_version": 0,
          "attributes": {
            "address_prefixes": [
              "192.168.1.0/24"
            ],
            "default_outbound_access_enabled": true,
            "delegation": [],
            "id": "/subscriptions/99b79efe-ebd6-468c-b39f-5669acb259e1/resourceGroups/04-T1-www/providers/Microsoft.Network/virtualNetworks/www-vnet1/subnets/www-nat-v1",
            "ip_address_pool": [],
            "name": "www-nat-v1",
            "private_endpoint_network_policies": "Disabled",
            "private_link_service_network_policies_enabled": true,
            "resource_group_name": "04-T1-www",
            "service_endpoint_policy_ids": null,
            "service_endpoints": null,
            "sharing_scope": "",
            "timeouts": null,
            "virtual_network_name": "www-vnet1"
          },
          "sensitive_attributes": [],
          "identity_schema_version": 0,
          "identity": {
            "name": "www-nat-v1",
            "resource_group_name": "04-T1-www",
            "subscription_id": "99b79efe-ebd6-468c-b39f-5669acb259e1",
            "virtual_network_name": "www-vnet1"
          },
          "private": "eyJlMmJmYjczMC1lY2FhLTExZTYtOGY4OC0zNDM2M2JjN2M0YzAiOnsiY3JlYXRlIjoxODAwMDAwMDAwMDAwLCJkZWxldGUiOjE4MDAwMDAwMDAwMDAsInJlYWQiOjMwMDAwMDAwMDAwMCwidXBkYXRlIjoxODAwMDAwMDAwMDAwfX0=",
          "dependencies": [
            "azurerm_resource_group.www_rg",
            "azurerm_virtual_network.www_vnet1"
          ]
        }
      ]
    },
    {
      "mode": "managed",
      "type": "azurerm_subnet",
      "name": "www_vmss",
      "provider": "provider[\"registry.terraform.io/hashicorp/azurerm\"]",
      "instances": [
        {
          "schema_version": 0,
          "attributes": {
            "address_prefixes": [
              "192.168.4.0/24"
            ],
            "default_outbound_access_enabled": false,
            "delegation": [],
            "id": "/subscriptions/99b79efe-ebd6-468c-b39f-5669acb259e1/resourceGroups/04-T1-www/providers/Microsoft.Network/virtualNetworks/www-vnet1/subnets/www-vmss",
            "ip_address_pool": [],
            "name": "www-vmss",
            "private_endpoint_network_policies": "Disabled",
            "private_link_service_network_policies_enabled": true,
            "resource_group_name": "04-T1-www",
            "service_endpoint_policy_ids": null,
            "service_endpoints": null,
            "sharing_scope": "",
            "timeouts": null,
            "virtual_network_name": "www-vnet1"
          },
          "sensitive_attributes": [],
          "identity_schema_version": 0,
          "identity": {
            "name": "www-vmss",
            "resource_group_name": "04-T1-www",
            "subscription_id": "99b79efe-ebd6-468c-b39f-5669acb259e1",
            "virtual_network_name": "www-vnet1"
          },
          "private": "eyJlMmJmYjczMC1lY2FhLTExZTYtOGY4OC0zNDM2M2JjN2M0YzAiOnsiY3JlYXRlIjoxODAwMDAwMDAwMDAwLCJkZWxldGUiOjE4MDAwMDAwMDAwMDAsInJlYWQiOjMwMDAwMDAwMDAwMCwidXBkYXRlIjoxODAwMDAwMDAwMDAwfX0=",
          "dependencies": [
            "azurerm_resource_group.www_rg",
            "azurerm_virtual_network.www_vnet1"
          ]
        }
      ]
    },
    {
      "mode": "managed",
      "type": "azurerm_subnet",
      "name": "www_web1",
      "provider": "provider[\"registry.terraform.io/hashicorp/azurerm\"]",
      "instances": [
        {
          "schema_version": 0,
          "attributes": {
            "address_prefixes": [
              "10.0.2.0/24"
            ],
            "default_outbound_access_enabled": false,
            "delegation": [],
            "id": "/subscriptions/99b79efe-ebd6-468c-b39f-5669acb259e1/resourceGroups/04-T1-www/providers/Microsoft.Network/virtualNetworks/www-vnet0/subnets/www-web1",
            "ip_address_pool": [],
            "name": "www-web1",
            "private_endpoint_network_policies": "Disabled",
            "private_link_service_network_policies_enabled": true,
            "resource_group_name": "04-T1-www",
            "service_endpoint_policy_ids": null,
            "service_endpoints": null,
            "sharing_scope": "",
            "timeouts": null,
            "virtual_network_name": "www-vnet0"
          },
          "sensitive_attributes": [],
          "identity_schema_version": 0,
          "identity": {
            "name": "www-web1",
            "resource_group_name": "04-T1-www",
            "subscription_id": "99b79efe-ebd6-468c-b39f-5669acb259e1",
            "virtual_network_name": "www-vnet0"
          },
          "private": "eyJlMmJmYjczMC1lY2FhLTExZTYtOGY4OC0zNDM2M2JjN2M0YzAiOnsiY3JlYXRlIjoxODAwMDAwMDAwMDAwLCJkZWxldGUiOjE4MDAwMDAwMDAwMDAsInJlYWQiOjMwMDAwMDAwMDAwMCwidXBkYXRlIjoxODAwMDAwMDAwMDAwfX0=",
          "dependencies": [
            "azurerm_resource_group.www_rg",
            "azurerm_virtual_network.www_vnet0"
          ]
        }
      ]
    },
    {
      "mode": "managed",
      "type": "azurerm_subnet",
      "name": "www_web1_v1",
      "provider": "provider[\"registry.terraform.io/hashicorp/azurerm\"]",
      "instances": [
        {
          "schema_version": 0,
          "attributes": {
            "address_prefixes": [
              "192.168.2.0/24"
            ],
            "default_outbound_access_enabled": false,
            "delegation": [],
            "id": "/subscriptions/99b79efe-ebd6-468c-b39f-5669acb259e1/resourceGroups/04-T1-www/providers/Microsoft.Network/virtualNetworks/www-vnet1/subnets/www-web1-v1",
            "ip_address_pool": [],
            "name": "www-web1-v1",
            "private_endpoint_network_policies": "Disabled",
            "private_link_service_network_policies_enabled": true,
            "resource_group_name": "04-T1-www",
            "service_endpoint_policy_ids": null,
            "service_endpoints": null,
            "sharing_scope": "",
            "timeouts": null,
            "virtual_network_name": "www-vnet1"
          },
          "sensitive_attributes": [],
          "identity_schema_version": 0,
          "identity": {
            "name": "www-web1-v1",
            "resource_group_name": "04-T1-www",
            "subscription_id": "99b79efe-ebd6-468c-b39f-5669acb259e1",
            "virtual_network_name": "www-vnet1"
          },
          "private": "eyJlMmJmYjczMC1lY2FhLTExZTYtOGY4OC0zNDM2M2JjN2M0YzAiOnsiY3JlYXRlIjoxODAwMDAwMDAwMDAwLCJkZWxldGUiOjE4MDAwMDAwMDAwMDAsInJlYWQiOjMwMDAwMDAwMDAwMCwidXBkYXRlIjoxODAwMDAwMDAwMDAwfX0=",
          "dependencies": [
            "azurerm_resource_group.www_rg",
            "azurerm_virtual_network.www_vnet1"
          ]
        }
      ]
    },
    {
      "mode": "managed",
      "type": "azurerm_subnet",
      "name": "www_web2",
      "provider": "provider[\"registry.terraform.io/hashicorp/azurerm\"]",
      "instances": [
        {
          "schema_version": 0,
          "attributes": {
            "address_prefixes": [
              "10.0.3.0/24"
            ],
            "default_outbound_access_enabled": false,
            "delegation": [],
            "id": "/subscriptions/99b79efe-ebd6-468c-b39f-5669acb259e1/resourceGroups/04-T1-www/providers/Microsoft.Network/virtualNetworks/www-vnet0/subnets/www-web2",
            "ip_address_pool": [],
            "name": "www-web2",
            "private_endpoint_network_policies": "Disabled",
            "private_link_service_network_policies_enabled": true,
            "resource_group_name": "04-T1-www",
            "service_endpoint_policy_ids": null,
            "service_endpoints": null,
            "sharing_scope": "",
            "timeouts": null,
            "virtual_network_name": "www-vnet0"
          },
          "sensitive_attributes": [],
          "identity_schema_version": 0,
          "identity": {
            "name": "www-web2",
            "resource_group_name": "04-T1-www",
            "subscription_id": "99b79efe-ebd6-468c-b39f-5669acb259e1",
            "virtual_network_name": "www-vnet0"
          },
          "private": "eyJlMmJmYjczMC1lY2FhLTExZTYtOGY4OC0zNDM2M2JjN2M0YzAiOnsiY3JlYXRlIjoxODAwMDAwMDAwMDAwLCJkZWxldGUiOjE4MDAwMDAwMDAwMDAsInJlYWQiOjMwMDAwMDAwMDAwMCwidXBkYXRlIjoxODAwMDAwMDAwMDAwfX0=",
          "dependencies": [
            "azurerm_resource_group.www_rg",
            "azurerm_virtual_network.www_vnet0"
          ]
        }
      ]
    },
    {
      "mode": "managed",
      "type": "azurerm_subnet",
      "name": "www_web2_v1",
      "provider": "provider[\"registry.terraform.io/hashicorp/azurerm\"]",
      "instances": [
        {
          "schema_version": 0,
          "attributes": {
            "address_prefixes": [
              "192.168.3.0/24"
            ],
            "default_outbound_access_enabled": false,
            "delegation": [],
            "id": "/subscriptions/99b79efe-ebd6-468c-b39f-5669acb259e1/resourceGroups/04-T1-www/providers/Microsoft.Network/virtualNetworks/www-vnet1/subnets/www-web2-v1",
            "ip_address_pool": [],
            "name": "www-web2-v1",
            "private_endpoint_network_policies": "Disabled",
            "private_link_service_network_policies_enabled": true,
            "resource_group_name": "04-T1-www",
            "service_endpoint_policy_ids": null,
            "service_endpoints": null,
            "sharing_scope": "",
            "timeouts": null,
            "virtual_network_name": "www-vnet1"
          },
          "sensitive_attributes": [],
          "identity_schema_version": 0,
          "identity": {
            "name": "www-web2-v1",
            "resource_group_name": "04-T1-www",
            "subscription_id": "99b79efe-ebd6-468c-b39f-5669acb259e1",
            "virtual_network_name": "www-vnet1"
          },
          "private": "eyJlMmJmYjczMC1lY2FhLTExZTYtOGY4OC0zNDM2M2JjN2M0YzAiOnsiY3JlYXRlIjoxODAwMDAwMDAwMDAwLCJkZWxldGUiOjE4MDAwMDAwMDAwMDAsInJlYWQiOjMwMDAwMDAwMDAwMCwidXBkYXRlIjoxODAwMDAwMDAwMDAwfX0=",
          "dependencies": [
            "azurerm_resource_group.www_rg",
            "azurerm_virtual_network.www_vnet1"
          ]
        }
      ]
    },
    {
      "mode": "managed",
      "type": "azurerm_subnet_nat_gateway_association",
      "name": "www_natdb",
      "provider": "provider[\"registry.terraform.io/hashicorp/azurerm\"]",
      "instances": [
        {
          "schema_version": 0,
          "attributes": {
            "id": "/subscriptions/99b79efe-ebd6-468c-b39f-5669acb259e1/resourceGroups/04-T1-www/providers/Microsoft.Network/virtualNetworks/www-vnet0/subnets/www-db",
            "nat_gateway_id": "/subscriptions/99b79efe-ebd6-468c-b39f-5669acb259e1/resourceGroups/04-T1-www/providers/Microsoft.Network/natGateways/www-nat",
            "subnet_id": "/subscriptions/99b79efe-ebd6-468c-b39f-5669acb259e1/resourceGroups/04-T1-www/providers/Microsoft.Network/virtualNetworks/www-vnet0/subnets/www-db",
            "timeouts": null
          },
          "sensitive_attributes": [],
          "identity_schema_version": 0,
          "private": "eyJlMmJmYjczMC1lY2FhLTExZTYtOGY4OC0zNDM2M2JjN2M0YzAiOnsiY3JlYXRlIjoxODAwMDAwMDAwMDAwLCJkZWxldGUiOjE4MDAwMDAwMDAwMDAsInJlYWQiOjMwMDAwMDAwMDAwMH19",
          "dependencies": [
            "azurerm_nat_gateway.www_nat",
            "azurerm_resource_group.www_rg",
            "azurerm_subnet.www_db",
            "azurerm_virtual_network.www_vnet0"
          ]
        }
      ]
    },
    {
      "mode": "managed",
      "type": "azurerm_subnet_nat_gateway_association",
      "name": "www_natvmss",
      "provider": "provider[\"registry.terraform.io/hashicorp/azurerm\"]",
      "instances": [
        {
          "schema_version": 0,
          "attributes": {
            "id": "/subscriptions/99b79efe-ebd6-468c-b39f-5669acb259e1/resourceGroups/04-T1-www/providers/Microsoft.Network/virtualNetworks/www-vnet1/subnets/www-vmss",
            "nat_gateway_id": "/subscriptions/99b79efe-ebd6-468c-b39f-5669acb259e1/resourceGroups/04-T1-www/providers/Microsoft.Network/natGateways/www-nat-v1",
            "subnet_id": "/subscriptions/99b79efe-ebd6-468c-b39f-5669acb259e1/resourceGroups/04-T1-www/providers/Microsoft.Network/virtualNetworks/www-vnet1/subnets/www-vmss",
            "timeouts": null
          },
          "sensitive_attributes": [],
          "identity_schema_version": 0,
          "private": "eyJlMmJmYjczMC1lY2FhLTExZTYtOGY4OC0zNDM2M2JjN2M0YzAiOnsiY3JlYXRlIjoxODAwMDAwMDAwMDAwLCJkZWxldGUiOjE4MDAwMDAwMDAwMDAsInJlYWQiOjMwMDAwMDAwMDAwMH19",
          "dependencies": [
            "azurerm_nat_gateway.www_nat_v1",
            "azurerm_resource_group.www_rg",
            "azurerm_subnet.www_vmss",
            "azurerm_virtual_network.www_vnet1"
          ]
        }
      ]
    },
    {
      "mode": "managed",
      "type": "azurerm_subnet_nat_gateway_association",
      "name": "www_natweb1",
      "provider": "provider[\"registry.terraform.io/hashicorp/azurerm\"]",
      "instances": [
        {
          "schema_version": 0,
          "attributes": {
            "id": "/subscriptions/99b79efe-ebd6-468c-b39f-5669acb259e1/resourceGroups/04-T1-www/providers/Microsoft.Network/virtualNetworks/www-vnet0/subnets/www-web1",
            "nat_gateway_id": "/subscriptions/99b79efe-ebd6-468c-b39f-5669acb259e1/resourceGroups/04-T1-www/providers/Microsoft.Network/natGateways/www-nat",
            "subnet_id": "/subscriptions/99b79efe-ebd6-468c-b39f-5669acb259e1/resourceGroups/04-T1-www/providers/Microsoft.Network/virtualNetworks/www-vnet0/subnets/www-web1",
            "timeouts": null
          },
          "sensitive_attributes": [],
          "identity_schema_version": 0,
          "private": "eyJlMmJmYjczMC1lY2FhLTExZTYtOGY4OC0zNDM2M2JjN2M0YzAiOnsiY3JlYXRlIjoxODAwMDAwMDAwMDAwLCJkZWxldGUiOjE4MDAwMDAwMDAwMDAsInJlYWQiOjMwMDAwMDAwMDAwMH19",
          "dependencies": [
            "azurerm_nat_gateway.www_nat",
            "azurerm_resource_group.www_rg",
            "azurerm_subnet.www_web1",
            "azurerm_virtual_network.www_vnet0"
          ]
        }
      ]
    },
    {
      "mode": "managed",
      "type": "azurerm_subnet_nat_gateway_association",
      "name": "www_natweb1_v1",
      "provider": "provider[\"registry.terraform.io/hashicorp/azurerm\"]",
      "instances": [
        {
          "schema_version": 0,
          "attributes": {
            "id": "/subscriptions/99b79efe-ebd6-468c-b39f-5669acb259e1/resourceGroups/04-T1-www/providers/Microsoft.Network/virtualNetworks/www-vnet1/subnets/www-web1-v1",
            "nat_gateway_id": "/subscriptions/99b79efe-ebd6-468c-b39f-5669acb259e1/resourceGroups/04-T1-www/providers/Microsoft.Network/natGateways/www-nat-v1",
            "subnet_id": "/subscriptions/99b79efe-ebd6-468c-b39f-5669acb259e1/resourceGroups/04-T1-www/providers/Microsoft.Network/virtualNetworks/www-vnet1/subnets/www-web1-v1",
            "timeouts": null
          },
          "sensitive_attributes": [],
          "identity_schema_version": 0,
          "private": "eyJlMmJmYjczMC1lY2FhLTExZTYtOGY4OC0zNDM2M2JjN2M0YzAiOnsiY3JlYXRlIjoxODAwMDAwMDAwMDAwLCJkZWxldGUiOjE4MDAwMDAwMDAwMDAsInJlYWQiOjMwMDAwMDAwMDAwMH19",
          "dependencies": [
            "azurerm_nat_gateway.www_nat_v1",
            "azurerm_resource_group.www_rg",
            "azurerm_subnet.www_web1_v1",
            "azurerm_virtual_network.www_vnet1"
          ]
        }
      ]
    },
    {
      "mode": "managed",
      "type": "azurerm_subnet_nat_gateway_association",
      "name": "www_natweb2",
      "provider": "provider[\"registry.terraform.io/hashicorp/azurerm\"]",
      "instances": [
        {
          "schema_version": 0,
          "attributes": {
            "id": "/subscriptions/99b79efe-ebd6-468c-b39f-5669acb259e1/resourceGroups/04-T1-www/providers/Microsoft.Network/virtualNetworks/www-vnet0/subnets/www-web2",
            "nat_gateway_id": "/subscriptions/99b79efe-ebd6-468c-b39f-5669acb259e1/resourceGroups/04-T1-www/providers/Microsoft.Network/natGateways/www-nat",
            "subnet_id": "/subscriptions/99b79efe-ebd6-468c-b39f-5669acb259e1/resourceGroups/04-T1-www/providers/Microsoft.Network/virtualNetworks/www-vnet0/subnets/www-web2",
            "timeouts": null
          },
          "sensitive_attributes": [],
          "identity_schema_version": 0,
          "private": "eyJlMmJmYjczMC1lY2FhLTExZTYtOGY4OC0zNDM2M2JjN2M0YzAiOnsiY3JlYXRlIjoxODAwMDAwMDAwMDAwLCJkZWxldGUiOjE4MDAwMDAwMDAwMDAsInJlYWQiOjMwMDAwMDAwMDAwMH19",
          "dependencies": [
            "azurerm_nat_gateway.www_nat",
            "azurerm_resource_group.www_rg",
            "azurerm_subnet.www_web2",
            "azurerm_virtual_network.www_vnet0"
          ]
        }
      ]
    },
    {
      "mode": "managed",
      "type": "azurerm_subnet_nat_gateway_association",
      "name": "www_natweb2_v1",
      "provider": "provider[\"registry.terraform.io/hashicorp/azurerm\"]",
      "instances": [
        {
          "schema_version": 0,
          "attributes": {
            "id": "/subscriptions/99b79efe-ebd6-468c-b39f-5669acb259e1/resourceGroups/04-T1-www/providers/Microsoft.Network/virtualNetworks/www-vnet1/subnets/www-web2-v1",
            "nat_gateway_id": "/subscriptions/99b79efe-ebd6-468c-b39f-5669acb259e1/resourceGroups/04-T1-www/providers/Microsoft.Network/natGateways/www-nat-v1",
            "subnet_id": "/subscriptions/99b79efe-ebd6-468c-b39f-5669acb259e1/resourceGroups/04-T1-www/providers/Microsoft.Network/virtualNetworks/www-vnet1/subnets/www-web2-v1",
            "timeouts": null
          },
          "sensitive_attributes": [],
          "identity_schema_version": 0,
          "private": "eyJlMmJmYjczMC1lY2FhLTExZTYtOGY4OC0zNDM2M2JjN2M0YzAiOnsiY3JlYXRlIjoxODAwMDAwMDAwMDAwLCJkZWxldGUiOjE4MDAwMDAwMDAwMDAsInJlYWQiOjMwMDAwMDAwMDAwMH19",
          "dependencies": [
            "azurerm_nat_gateway.www_nat_v1",
            "azurerm_resource_group.www_rg",
            "azurerm_subnet.www_web2_v1",
            "azurerm_virtual_network.www_vnet1"
          ]
        }
      ]
    },
    {
      "mode": "managed",
      "type": "azurerm_subnet_network_security_group_association",
      "name": "www_asso_subnsg_bas",
      "provider": "provider[\"registry.terraform.io/hashicorp/azurerm\"]",
      "instances": [
        {
          "schema_version": 0,
          "attributes": {
            "id": "/subscriptions/99b79efe-ebd6-468c-b39f-5669acb259e1/resourceGroups/04-T1-www/providers/Microsoft.Network/virtualNetworks/www-vnet0/subnets/www-bas",
            "network_security_group_id": "/subscriptions/99b79efe-ebd6-468c-b39f-5669acb259e1/resourceGroups/04-T1-www/providers/Microsoft.Network/networkSecurityGroups/www_nsg_ssh",
            "subnet_id": "/subscriptions/99b79efe-ebd6-468c-b39f-5669acb259e1/resourceGroups/04-T1-www/providers/Microsoft.Network/virtualNetworks/www-vnet0/subnets/www-bas",
            "timeouts": null
          },
          "sensitive_attributes": [],
          "identity_schema_version": 0,
          "private": "eyJlMmJmYjczMC1lY2FhLTExZTYtOGY4OC0zNDM2M2JjN2M0YzAiOnsiY3JlYXRlIjoxODAwMDAwMDAwMDAwLCJkZWxldGUiOjE4MDAwMDAwMDAwMDAsInJlYWQiOjMwMDAwMDAwMDAwMH19",
          "dependencies": [
            "azurerm_network_security_group.www_nsg_ssh",
            "azurerm_resource_group.www_rg",
            "azurerm_subnet.www_bas",
            "azurerm_virtual_network.www_vnet0"
          ]
        }
      ]
    },
    {
      "mode": "managed",
      "type": "azurerm_subnet_network_security_group_association",
      "name": "www_asso_subnsg_db",
      "provider": "provider[\"registry.terraform.io/hashicorp/azurerm\"]",
      "instances": [
        {
          "schema_version": 0,
          "attributes": {
            "id": "/subscriptions/99b79efe-ebd6-468c-b39f-5669acb259e1/resourceGroups/04-T1-www/providers/Microsoft.Network/virtualNetworks/www-vnet0/subnets/www-db",
            "network_security_group_id": "/subscriptions/99b79efe-ebd6-468c-b39f-5669acb259e1/resourceGroups/04-T1-www/providers/Microsoft.Network/networkSecurityGroups/www_nsg_db",
            "subnet_id": "/subscriptions/99b79efe-ebd6-468c-b39f-5669acb259e1/resourceGroups/04-T1-www/providers/Microsoft.Network/virtualNetworks/www-vnet0/subnets/www-db",
            "timeouts": null
          },
          "sensitive_attributes": [],
          "identity_schema_version": 0,
          "private": "eyJlMmJmYjczMC1lY2FhLTExZTYtOGY4OC0zNDM2M2JjN2M0YzAiOnsiY3JlYXRlIjoxODAwMDAwMDAwMDAwLCJkZWxldGUiOjE4MDAwMDAwMDAwMDAsInJlYWQiOjMwMDAwMDAwMDAwMH19",
          "dependencies": [
            "azurerm_network_security_group.www_nsg_db",
            "azurerm_resource_group.www_rg",
            "azurerm_subnet.www_db",
            "azurerm_virtual_network.www_vnet0"
          ]
        }
      ]
    },
    {
      "mode": "managed",
      "type": "azurerm_subnet_network_security_group_association",
      "name": "www_asso_subnsg_web1",
      "provider": "provider[\"registry.terraform.io/hashicorp/azurerm\"]",
      "instances": [
        {
          "schema_version": 0,
          "attributes": {
            "id": "/subscriptions/99b79efe-ebd6-468c-b39f-5669acb259e1/resourceGroups/04-T1-www/providers/Microsoft.Network/virtualNetworks/www-vnet0/subnets/www-web1",
            "network_security_group_id": "/subscriptions/99b79efe-ebd6-468c-b39f-5669acb259e1/resourceGroups/04-T1-www/providers/Microsoft.Network/networkSecurityGroups/www_nsg_http",
            "subnet_id": "/subscriptions/99b79efe-ebd6-468c-b39f-5669acb259e1/resourceGroups/04-T1-www/providers/Microsoft.Network/virtualNetworks/www-vnet0/subnets/www-web1",
            "timeouts": null
          },
          "sensitive_attributes": [],
          "identity_schema_version": 0,
          "private": "eyJlMmJmYjczMC1lY2FhLTExZTYtOGY4OC0zNDM2M2JjN2M0YzAiOnsiY3JlYXRlIjoxODAwMDAwMDAwMDAwLCJkZWxldGUiOjE4MDAwMDAwMDAwMDAsInJlYWQiOjMwMDAwMDAwMDAwMH19",
          "dependencies": [
            "azurerm_network_security_group.www_nsg_http",
            "azurerm_resource_group.www_rg",
            "azurerm_subnet.www_web1",
            "azurerm_virtual_network.www_vnet0"
          ]
        }
      ]
    },
    {
      "mode": "managed",
      "type": "azurerm_subnet_network_security_group_association",
      "name": "www_asso_subnsg_web2",
      "provider": "provider[\"registry.terraform.io/hashicorp/azurerm\"]",
      "instances": [
        {
          "schema_version": 0,
          "attributes": {
            "id": "/subscriptions/99b79efe-ebd6-468c-b39f-5669acb259e1/resourceGroups/04-T1-www/providers/Microsoft.Network/virtualNetworks/www-vnet0/subnets/www-web2",
            "network_security_group_id": "/subscriptions/99b79efe-ebd6-468c-b39f-5669acb259e1/resourceGroups/04-T1-www/providers/Microsoft.Network/networkSecurityGroups/www_nsg_http",
            "subnet_id": "/subscriptions/99b79efe-ebd6-468c-b39f-5669acb259e1/resourceGroups/04-T1-www/providers/Microsoft.Network/virtualNetworks/www-vnet0/subnets/www-web2",
            "timeouts": null
          },
          "sensitive_attributes": [],
          "identity_schema_version": 0,
          "private": "eyJlMmJmYjczMC1lY2FhLTExZTYtOGY4OC0zNDM2M2JjN2M0YzAiOnsiY3JlYXRlIjoxODAwMDAwMDAwMDAwLCJkZWxldGUiOjE4MDAwMDAwMDAwMDAsInJlYWQiOjMwMDAwMDAwMDAwMH19",
          "dependencies": [
            "azurerm_network_security_group.www_nsg_http",
            "azurerm_resource_group.www_rg",
            "azurerm_subnet.www_web2",
            "azurerm_virtual_network.www_vnet0"
          ]
        }
      ]
    },
    {
      "mode": "managed",
      "type": "azurerm_subnet_network_security_group_association",
      "name": "www_v1_asso_subnsg_vmss",
      "provider": "provider[\"registry.terraform.io/hashicorp/azurerm\"]",
      "instances": [
        {
          "schema_version": 0,
          "attributes": {
            "id": "/subscriptions/99b79efe-ebd6-468c-b39f-5669acb259e1/resourceGroups/04-T1-www/providers/Microsoft.Network/virtualNetworks/www-vnet1/subnets/www-vmss",
            "network_security_group_id": "/subscriptions/99b79efe-ebd6-468c-b39f-5669acb259e1/resourceGroups/04-T1-www/providers/Microsoft.Network/networkSecurityGroups/www_v1_nsg_http",
            "subnet_id": "/subscriptions/99b79efe-ebd6-468c-b39f-5669acb259e1/resourceGroups/04-T1-www/providers/Microsoft.Network/virtualNetworks/www-vnet1/subnets/www-vmss",
            "timeouts": null
          },
          "sensitive_attributes": [],
          "identity_schema_version": 0,
          "private": "eyJlMmJmYjczMC1lY2FhLTExZTYtOGY4OC0zNDM2M2JjN2M0YzAiOnsiY3JlYXRlIjoxODAwMDAwMDAwMDAwLCJkZWxldGUiOjE4MDAwMDAwMDAwMDAsInJlYWQiOjMwMDAwMDAwMDAwMH19",
          "dependencies": [
            "azurerm_network_security_group.www_v1_nsg_http",
            "azurerm_resource_group.www_rg",
            "azurerm_subnet.www_vmss",
            "azurerm_virtual_network.www_vnet1"
          ]
        }
      ]
    },
    {
      "mode": "managed",
      "type": "azurerm_subnet_network_security_group_association",
      "name": "www_v1_asso_subnsg_web1",
      "provider": "provider[\"registry.terraform.io/hashicorp/azurerm\"]",
      "instances": [
        {
          "schema_version": 0,
          "attributes": {
            "id": "/subscriptions/99b79efe-ebd6-468c-b39f-5669acb259e1/resourceGroups/04-T1-www/providers/Microsoft.Network/virtualNetworks/www-vnet1/subnets/www-web1-v1",
            "network_security_group_id": "/subscriptions/99b79efe-ebd6-468c-b39f-5669acb259e1/resourceGroups/04-T1-www/providers/Microsoft.Network/networkSecurityGroups/www_v1_nsg_http",
            "subnet_id": "/subscriptions/99b79efe-ebd6-468c-b39f-5669acb259e1/resourceGroups/04-T1-www/providers/Microsoft.Network/virtualNetworks/www-vnet1/subnets/www-web1-v1",
            "timeouts": null
          },
          "sensitive_attributes": [],
          "identity_schema_version": 0,
          "private": "eyJlMmJmYjczMC1lY2FhLTExZTYtOGY4OC0zNDM2M2JjN2M0YzAiOnsiY3JlYXRlIjoxODAwMDAwMDAwMDAwLCJkZWxldGUiOjE4MDAwMDAwMDAwMDAsInJlYWQiOjMwMDAwMDAwMDAwMH19",
          "dependencies": [
            "azurerm_network_security_group.www_v1_nsg_http",
            "azurerm_resource_group.www_rg",
            "azurerm_subnet.www_web1_v1",
            "azurerm_virtual_network.www_vnet1"
          ]
        }
      ]
    },
    {
      "mode": "managed",
      "type": "azurerm_virtual_network",
      "name": "www_vnet0",
      "provider": "provider[\"registry.terraform.io/hashicorp/azurerm\"]",
      "instances": [
        {
          "schema_version": 0,
          "attributes": {
            "address_space": [
              "10.0.0.0/16"
            ],
            "bgp_community": "",
            "ddos_protection_plan": [],
            "dns_servers": [],
            "edge_zone": "",
            "encryption": [],
            "flow_timeout_in_minutes": 0,
            "guid": "9935c442-a71b-491e-ac32-8ebe8df73489",
            "id": "/subscriptions/99b79efe-ebd6-468c-b39f-5669acb259e1/resourceGroups/04-T1-www/providers/Microsoft.Network/virtualNetworks/www-vnet0",
            "ip_address_pool": [],
            "location": "koreacentral",
            "name": "www-vnet0",
            "private_endpoint_vnet_policies": "Disabled",
            "resource_group_name": "04-T1-www",
            "subnet": [],
            "tags": null,
            "timeouts": null
          },
          "sensitive_attributes": [],
          "identity_schema_version": 0,
          "identity": {
            "name": "www-vnet0",
            "resource_group_name": "04-T1-www",
            "subscription_id": "99b79efe-ebd6-468c-b39f-5669acb259e1"
          },
          "private": "eyJlMmJmYjczMC1lY2FhLTExZTYtOGY4OC0zNDM2M2JjN2M0YzAiOnsiY3JlYXRlIjoxODAwMDAwMDAwMDAwLCJkZWxldGUiOjE4MDAwMDAwMDAwMDAsInJlYWQiOjMwMDAwMDAwMDAwMCwidXBkYXRlIjoxODAwMDAwMDAwMDAwfX0=",
          "dependencies": [
            "azurerm_resource_group.www_rg"
          ]
        }
      ]
    },
    {
      "mode": "managed",
      "type": "azurerm_virtual_network",
      "name": "www_vnet1",
      "provider": "provider[\"registry.terraform.io/hashicorp/azurerm\"]",
      "instances": [
        {
          "schema_version": 0,
          "attributes": {
            "address_space": [
              "192.168.0.0/16"
            ],
            "bgp_community": "",
            "ddos_protection_plan": [],
            "dns_servers": [],
            "edge_zone": "",
            "encryption": [],
            "flow_timeout_in_minutes": 0,
            "guid": "65beba27-3cbb-4a6b-84f1-1673f377109f",
            "id": "/subscriptions/99b79efe-ebd6-468c-b39f-5669acb259e1/resourceGroups/04-T1-www/providers/Microsoft.Network/virtualNetworks/www-vnet1",
            "ip_address_pool": [],
            "location": "koreasouth",
            "name": "www-vnet1",
            "private_endpoint_vnet_policies": "Disabled",
            "resource_group_name": "04-T1-www",
            "subnet": [],
            "tags": null,
            "timeouts": null
          },
          "sensitive_attributes": [],
          "identity_schema_version": 0,
          "identity": {
            "name": "www-vnet1",
            "resource_group_name": "04-T1-www",
            "subscription_id": "99b79efe-ebd6-468c-b39f-5669acb259e1"
          },
          "private": "eyJlMmJmYjczMC1lY2FhLTExZTYtOGY4OC0zNDM2M2JjN2M0YzAiOnsiY3JlYXRlIjoxODAwMDAwMDAwMDAwLCJkZWxldGUiOjE4MDAwMDAwMDAwMDAsInJlYWQiOjMwMDAwMDAwMDAwMCwidXBkYXRlIjoxODAwMDAwMDAwMDAwfX0=",
          "dependencies": [
            "azurerm_resource_group.www_rg"
          ]
        }
      ]
    },
    {
      "mode": "managed",
      "type": "azurerm_virtual_network_peering",
      "name": "peer_ctr_sth",
      "provider": "provider[\"registry.terraform.io/hashicorp/azurerm\"]",
      "instances": [
        {
          "schema_version": 0,
          "attributes": {
            "allow_forwarded_traffic": false,
            "allow_gateway_transit": false,
            "allow_virtual_network_access": true,
            "id": "/subscriptions/99b79efe-ebd6-468c-b39f-5669acb259e1/resourceGroups/04-T1-www/providers/Microsoft.Network/virtualNetworks/www-vnet0/virtualNetworkPeerings/ctr-sth",
            "local_subnet_names": null,
            "name": "ctr-sth",
            "only_ipv6_peering_enabled": false,
            "peer_complete_virtual_networks_enabled": true,
            "remote_subnet_names": null,
            "remote_virtual_network_id": "/subscriptions/99b79efe-ebd6-468c-b39f-5669acb259e1/resourceGroups/04-T1-www/providers/Microsoft.Network/virtualNetworks/www-vnet1",
            "resource_group_name": "04-T1-www",
            "timeouts": null,
            "triggers": null,
            "use_remote_gateways": false,
            "virtual_network_name": "www-vnet0"
          },
          "sensitive_attributes": [],
          "identity_schema_version": 0,
          "private": "eyJlMmJmYjczMC1lY2FhLTExZTYtOGY4OC0zNDM2M2JjN2M0YzAiOnsiY3JlYXRlIjoxODAwMDAwMDAwMDAwLCJkZWxldGUiOjE4MDAwMDAwMDAwMDAsInJlYWQiOjMwMDAwMDAwMDAwMCwidXBkYXRlIjoxODAwMDAwMDAwMDAwfX0=",
          "dependencies": [
            "azurerm_resource_group.www_rg",
            "azurerm_virtual_network.www_vnet0",
            "azurerm_virtual_network.www_vnet1"
          ]
        }
      ]
    },
    {
      "mode": "managed",
      "type": "azurerm_virtual_network_peering",
      "name": "peer_sth_ctr",
      "provider": "provider[\"registry.terraform.io/hashicorp/azurerm\"]",
      "instances": [
        {
          "schema_version": 0,
          "attributes": {
            "allow_forwarded_traffic": false,
            "allow_gateway_transit": false,
            "allow_virtual_network_access": true,
            "id": "/subscriptions/99b79efe-ebd6-468c-b39f-5669acb259e1/resourceGroups/04-T1-www/providers/Microsoft.Network/virtualNetworks/www-vnet1/virtualNetworkPeerings/sth-ctr",
            "local_subnet_names": null,
            "name": "sth-ctr",
            "only_ipv6_peering_enabled": false,
            "peer_complete_virtual_networks_enabled": true,
            "remote_subnet_names": null,
            "remote_virtual_network_id": "/subscriptions/99b79efe-ebd6-468c-b39f-5669acb259e1/resourceGroups/04-T1-www/providers/Microsoft.Network/virtualNetworks/www-vnet0",
            "resource_group_name": "04-T1-www",
            "timeouts": null,
            "triggers": null,
            "use_remote_gateways": false,
            "virtual_network_name": "www-vnet1"
          },
          "sensitive_attributes": [],
          "identity_schema_version": 0,
          "private": "eyJlMmJmYjczMC1lY2FhLTExZTYtOGY4OC0zNDM2M2JjN2M0YzAiOnsiY3JlYXRlIjoxODAwMDAwMDAwMDAwLCJkZWxldGUiOjE4MDAwMDAwMDAwMDAsInJlYWQiOjMwMDAwMDAwMDAwMCwidXBkYXRlIjoxODAwMDAwMDAwMDAwfX0=",
          "dependencies": [
            "azurerm_resource_group.www_rg",
            "azurerm_virtual_network.www_vnet0",
            "azurerm_virtual_network.www_vnet1"
          ]
        }
      ]
    },
    {
      "mode": "managed",
      "type": "null_resource",
      "name": "www_web2_deallocate",
      "provider": "provider[\"registry.terraform.io/hashicorp/null\"]",
      "instances": [
        {
          "schema_version": 0,
          "attributes": {
            "id": "899701491858584883",
            "triggers": {
              "virtual_machine_id": "/subscriptions/99b79efe-ebd6-468c-b39f-5669acb259e1/resourceGroups/04-T1-www/providers/Microsoft.Compute/virtualMachines/www-web2vm"
            }
          },
          "sensitive_attributes": [],
          "identity_schema_version": 0,
          "dependencies": [
            "azurerm_linux_virtual_machine.www_web2vm",
            "azurerm_network_interface.www_web2_nic",
            "azurerm_resource_group.www_rg",
            "azurerm_subnet.www_web2",
            "azurerm_virtual_network.www_vnet0"
          ]
        }
      ]
    },
    {
      "module": "module.database",
      "mode": "managed",
      "type": "azurerm_data_factory",
      "name": "www_adf",
      "provider": "provider[\"registry.terraform.io/hashicorp/azurerm\"]",
      "instances": [
        {
          "schema_version": 2,
          "attributes": {
            "customer_managed_key_id": "",
            "customer_managed_key_identity_id": "",
            "github_configuration": [],
            "global_parameter": [],
            "id": "/subscriptions/99b79efe-ebd6-468c-b39f-5669acb259e1/resourceGroups/04-T1-www/providers/Microsoft.DataFactory/factories/www-adf-l7zv",
            "identity": [
              {
                "identity_ids": null,
                "principal_id": "48036f5d-7e6b-47d9-8c9d-d3915a3e31e1",
                "tenant_id": "548e9ef4-b1d5-48fa-b220-59f52d6db511",
                "type": "SystemAssigned"
              }
            ],
            "location": "koreacentral",
            "managed_virtual_network_enabled": false,
            "name": "www-adf-l7zv",
            "public_network_enabled": true,
            "purview_id": "",
            "resource_group_name": "04-T1-www",
            "tags": {
              "purpose": "MySQL Backup Pipeline"
            },
            "timeouts": null,
            "vsts_configuration": []
          },
          "sensitive_attributes": [],
          "identity_schema_version": 0,
          "private": "eyJlMmJmYjczMC1lY2FhLTExZTYtOGY4OC0zNDM2M2JjN2M0YzAiOnsiY3JlYXRlIjoxODAwMDAwMDAwMDAwLCJkZWxldGUiOjE4MDAwMDAwMDAwMDAsInJlYWQiOjMwMDAwMDAwMDAwMCwidXBkYXRlIjoxODAwMDAwMDAwMDAwfSwic2NoZW1hX3ZlcnNpb24iOiIyIn0=",
          "dependencies": [
            "azurerm_resource_group.www_rg",
            "module.database.random_string.adf_suffix"
          ]
        }
      ]
    },
    {
      "module": "module.database",
      "mode": "managed",
      "type": "azurerm_data_factory_dataset_delimited_text",
      "name": "blob_dataset",
      "provider": "provider[\"registry.terraform.io/hashicorp/azurerm\"]",
      "instances": [
        {
          "schema_version": 0,
          "attributes": {
            "additional_properties": null,
            "annotations": null,
            "azure_blob_fs_location": [],
            "azure_blob_storage_location": [
              {
                "container": "mysql-backups",
                "dynamic_container_enabled": false,
                "dynamic_filename_enabled": false,
                "dynamic_path_enabled": false,
                "filename": "backup.csv",
                "path": ""
              }
            ],
            "column_delimiter": ",",
            "compression_codec": null,
            "compression_level": null,
            "data_factory_id": "/subscriptions/99b79efe-ebd6-468c-b39f-5669acb259e1/resourceGroups/04-T1-www/providers/Microsoft.DataFactory/factories/www-adf-l7zv",
            "description": "",
            "encoding": "UTF-8",
            "escape_character": "\\",
            "first_row_as_header": true,
            "folder": null,
            "http_server_location": [],
            "id": "/subscriptions/99b79efe-ebd6-468c-b39f-5669acb259e1/resourceGroups/04-T1-www/providers/Microsoft.DataFactory/factories/www-adf-l7zv/datasets/BlobBackupDataset",
            "linked_service_name": "BlobStorageDestination",
            "name": "BlobBackupDataset",
            "null_value": "",
            "parameters": null,
            "quote_character": "\"",
            "row_delimiter": "\n",
            "schema_column": [],
            "timeouts": null
          },
          "sensitive_attributes": [],
          "identity_schema_version": 0,
          "private": "eyJlMmJmYjczMC1lY2FhLTExZTYtOGY4OC0zNDM2M2JjN2M0YzAiOnsiY3JlYXRlIjoxODAwMDAwMDAwMDAwLCJkZWxldGUiOjE4MDAwMDAwMDAwMDAsInJlYWQiOjMwMDAwMDAwMDAwMCwidXBkYXRlIjoxODAwMDAwMDAwMDAwfX0=",
          "dependencies": [
            "azurerm_resource_group.www_rg",
            "azurerm_subnet.www_db",
            "azurerm_virtual_network.www_vnet0",
            "module.database.azurerm_data_factory.www_adf",
            "module.database.azurerm_data_factory_linked_service_azure_blob_storage.blob_dest",
            "module.database.random_string.adf_suffix",
            "module.storage.azurerm_storage_account.www_sa"
          ]
        }
      ]
    },
    {
      "module": "module.database",
      "mode": "managed",
      "type": "azurerm_data_factory_linked_service_azure_blob_storage",
      "name": "blob_dest",
      "provider": "provider[\"registry.terraform.io/hashicorp/azurerm\"]",
      "instances": [
        {
          "schema_version": 0,
          "attributes": {
            "additional_properties": null,
            "annotations": null,
            "connection_string": "DefaultEndpointsProtocol=https;AccountName=wwwstorewww004;AccountKey=Xni7djBJdVGGv2ue6dGe6LBGBkzsQrDwHKkx5cGvLAFHGSvQ/YBMelf+NUrs3FSZSaFAP9FMPDbf+ASt+lopMA==;EndpointSuffix=core.windows.net",
            "connection_string_insecure": null,
            "data_factory_id": "/subscriptions/99b79efe-ebd6-468c-b39f-5669acb259e1/resourceGroups/04-T1-www/providers/Microsoft.DataFactory/factories/www-adf-l7zv",
            "description": "",
            "id": "/subscriptions/99b79efe-ebd6-468c-b39f-5669acb259e1/resourceGroups/04-T1-www/providers/Microsoft.DataFactory/factories/www-adf-l7zv/linkedservices/BlobStorageDestination",
            "integration_runtime_name": null,
            "key_vault_sas_token": [],
            "name": "BlobStorageDestination",
            "parameters": null,
            "sas_uri": null,
            "service_endpoint": null,
            "service_principal_id": "",
            "service_principal_key": null,
            "service_principal_linked_key_vault_key": [],
            "storage_kind": "",
            "tenant_id": "",
            "timeouts": null,
            "use_managed_identity": false
          },
          "sensitive_attributes": [
            [
              {
                "type": "get_attr",
                "value": "connection_string"
              }
            ],
            [
              {
                "type": "get_attr",
                "value": "sas_uri"
              }
            ],
            [
              {
                "type": "get_attr",
                "value": "service_endpoint"
              }
            ]
          ],
          "identity_schema_version": 0,
          "private": "eyJlMmJmYjczMC1lY2FhLTExZTYtOGY4OC0zNDM2M2JjN2M0YzAiOnsiY3JlYXRlIjoxODAwMDAwMDAwMDAwLCJkZWxldGUiOjE4MDAwMDAwMDAwMDAsInJlYWQiOjMwMDAwMDAwMDAwMCwidXBkYXRlIjoxODAwMDAwMDAwMDAwfX0=",
          "dependencies": [
            "azurerm_resource_group.www_rg",
            "azurerm_subnet.www_db",
            "azurerm_virtual_network.www_vnet0",
            "module.database.azurerm_data_factory.www_adf",
            "module.database.random_string.adf_suffix",
            "module.storage.azurerm_storage_account.www_sa"
          ]
        }
      ]
    },
    {
      "module": "module.database",
      "mode": "managed",
      "type": "azurerm_log_analytics_workspace",
      "name": "log",
      "provider": "provider[\"registry.terraform.io/hashicorp/azurerm\"]",
      "instances": [
        {
          "schema_version": 3,
          "attributes": {
            "allow_resource_only_permissions": true,
            "cmk_for_query_forced": false,
            "daily_quota_gb": -1,
            "data_collection_rule_id": "",
            "id": "/subscriptions/99b79efe-ebd6-468c-b39f-5669acb259e1/resourceGroups/04-T1-www/providers/Microsoft.OperationalInsights/workspaces/www-log-analytics",
            "identity": [],
            "immediate_data_purge_on_30_days_enabled": false,
            "internet_ingestion_enabled": true,
            "internet_query_enabled": true,
            "local_authentication_disabled": false,
            "local_authentication_enabled": true,
            "location": "koreacentral",
            "name": "www-log-analytics",
            "primary_shared_key": "ytpq589ICzLeL5WhQ1EbJgSsWx3ouRuBX+wYsbmOLfU8DG0P1hQcB2Amw3aOq5OJBj7kj0arCSD89C7VnnnUKg==",
            "reservation_capacity_in_gb_per_day": null,
            "resource_group_name": "04-T1-www",
            "retention_in_days": 30,
            "secondary_shared_key": "Hx2tEO9l+MBMW6kuwglNhbn3mrSB9AAdNEe+/4HtlQdzDcX2PBd4rPiKHVHXZrEyd8DQj54Awki+hWso30JxuQ==",
            "sku": "PerGB2018",
            "tags": null,
            "timeouts": null,
            "workspace_id": "d9116d34-a3a5-4c55-9c5e-60d9508c7df6"
          },
          "sensitive_attributes": [
            [
              {
                "type": "get_attr",
                "value": "primary_shared_key"
              }
            ],
            [
              {
                "type": "get_attr",
                "value": "secondary_shared_key"
              }
            ]
          ],
          "identity_schema_version": 0,
          "private": "eyJlMmJmYjczMC1lY2FhLTExZTYtOGY4OC0zNDM2M2JjN2M0YzAiOnsiY3JlYXRlIjoxODAwMDAwMDAwMDAwLCJkZWxldGUiOjE4MDAwMDAwMDAwMDAsInJlYWQiOjMwMDAwMDAwMDAwMCwidXBkYXRlIjoxODAwMDAwMDAwMDAwfSwic2NoZW1hX3ZlcnNpb24iOiIzIn0=",
          "dependencies": [
            "azurerm_resource_group.www_rg"
          ]
        }
      ]
    },
    {
      "module": "module.database",
      "mode": "managed",
      "type": "azurerm_mysql_flexible_server",
      "name": "www_mysql",
      "provider": "provider[\"registry.terraform.io/hashicorp/azurerm\"]",
      "instances": []
    },
    {
      "module": "module.database",
      "mode": "managed",
      "type": "azurerm_private_dns_zone",
      "name": "www_dns_zone",
      "provider": "provider[\"registry.terraform.io/hashicorp/azurerm\"]",
      "instances": [
        {
          "schema_version": 0,
          "attributes": {
            "id": "/subscriptions/99b79efe-ebd6-468c-b39f-5669acb259e1/resourceGroups/04-T1-www/providers/Microsoft.Network/privateDnsZones/privatelink.mysql.database.azure.com",
            "max_number_of_record_sets": 25000,
            "max_number_of_virtual_network_links": 1000,
            "max_number_of_virtual_network_links_with_registration": 100,
            "name": "privatelink.mysql.database.azure.com",
            "number_of_record_sets": 1,
            "resource_group_name": "04-T1-www",
            "soa_record": [
              {
                "email": "azureprivatedns-host.microsoft.com",
                "expire_time": 2419200,
                "fqdn": "privatelink.mysql.database.azure.com.",
                "host_name": "azureprivatedns.net",
                "minimum_ttl": 10,
                "refresh_time": 3600,
                "retry_time": 300,
                "serial_number": 1,
                "tags": {},
                "ttl": 3600
              }
            ],
            "tags": null,
            "timeouts": null
          },
          "sensitive_attributes": [],
          "identity_schema_version": 0,
          "identity": {
            "name": "privatelink.mysql.database.azure.com",
            "resource_group_name": "04-T1-www",
            "subscription_id": "99b79efe-ebd6-468c-b39f-5669acb259e1"
          },
          "private": "eyJlMmJmYjczMC1lY2FhLTExZTYtOGY4OC0zNDM2M2JjN2M0YzAiOnsiY3JlYXRlIjoxODAwMDAwMDAwMDAwLCJkZWxldGUiOjE4MDAwMDAwMDAwMDAsInJlYWQiOjMwMDAwMDAwMDAwMCwidXBkYXRlIjoxODAwMDAwMDAwMDAwfX0=",
          "dependencies": [
            "azurerm_resource_group.www_rg"
          ]
        }
      ]
    },
    {
      "module": "module.database",
      "mode": "managed",
      "type": "azurerm_private_dns_zone_virtual_network_link",
      "name": "www_dns_link",
      "provider": "provider[\"registry.terraform.io/hashicorp/azurerm\"]",
      "instances": [
        {
          "schema_version": 0,
          "attributes": {
            "id": "/subscriptions/99b79efe-ebd6-468c-b39f-5669acb259e1/resourceGroups/04-T1-www/providers/Microsoft.Network/privateDnsZones/privatelink.mysql.database.azure.com/virtualNetworkLinks/www-dns-link",
            "name": "www-dns-link",
            "private_dns_zone_name": "privatelink.mysql.database.azure.com",
            "registration_enabled": false,
            "resolution_policy": "Default",
            "resource_group_name": "04-T1-www",
            "tags": null,
            "timeouts": null,
            "virtual_network_id": "/subscriptions/99b79efe-ebd6-468c-b39f-5669acb259e1/resourceGroups/04-T1-www/providers/Microsoft.Network/virtualNetworks/www-vnet0"
          },
          "sensitive_attributes": [],
          "identity_schema_version": 0,
          "identity": {
            "name": "www-dns-link",
            "private_dns_zone_name": "privatelink.mysql.database.azure.com",
            "resource_group_name": "04-T1-www",
            "subscription_id": "99b79efe-ebd6-468c-b39f-5669acb259e1"
          },
          "private": "eyJlMmJmYjczMC1lY2FhLTExZTYtOGY4OC0zNDM2M2JjN2M0YzAiOnsiY3JlYXRlIjoxODAwMDAwMDAwMDAwLCJkZWxldGUiOjE4MDAwMDAwMDAwMDAsInJlYWQiOjMwMDAwMDAwMDAwMCwidXBkYXRlIjoxODAwMDAwMDAwMDAwfX0=",
          "dependencies": [
            "azurerm_resource_group.www_rg",
            "azurerm_virtual_network.www_vnet0",
            "module.database.azurerm_private_dns_zone.www_dns_zone"
          ]
        }
      ]
    },
    {
      "module": "module.database",
      "mode": "managed",
      "type": "azurerm_redis_cache",
      "name": "www_redis",
      "provider": "provider[\"registry.terraform.io/hashicorp/azurerm\"]",
      "instances": []
    },
    {
      "module": "module.database",
      "mode": "managed",
      "type": "random_string",
      "name": "adf_suffix",
      "provider": "provider[\"registry.terraform.io/hashicorp/random\"]",
      "instances": [
        {
          "schema_version": 2,
          "attributes": {
            "id": "l7zv",
            "keepers": null,
            "length": 4,
            "lower": true,
            "min_lower": 0,
            "min_numeric": 0,
            "min_special": 0,
            "min_upper": 0,
            "number": true,
            "numeric": true,
            "override_special": null,
            "result": "l7zv",
            "special": false,
            "upper": false
          },
          "sensitive_attributes": [],
          "identity_schema_version": 0
        }
      ]
    },
    {
      "module": "module.database",
      "mode": "managed",
      "type": "random_string",
      "name": "mysql_suffix",
      "provider": "provider[\"registry.terraform.io/hashicorp/random\"]",
      "instances": [
        {
          "schema_version": 2,
          "attributes": {
            "id": "we0d",
            "keepers": null,
            "length": 4,
            "lower": true,
            "min_lower": 0,
            "min_numeric": 0,
            "min_special": 0,
            "min_upper": 0,
            "number": true,
            "numeric": true,
            "override_special": null,
            "result": "we0d",
            "special": false,
            "upper": false
          },
          "sensitive_attributes": [],
          "identity_schema_version": 0
        }
      ]
    },
    {
      "module": "module.database",
      "mode": "managed",
      "type": "random_string",
      "name": "redis_suffix",
      "provider": "provider[\"registry.terraform.io/hashicorp/random\"]",
      "instances": [
        {
          "schema_version": 2,
          "attributes": {
            "id": "arcd",
            "keepers": null,
            "length": 4,
            "lower": true,
            "min_lower": 0,
            "min_numeric": 0,
            "min_special": 0,
            "min_upper": 0,
            "number": true,
            "numeric": true,
            "override_special": null,
            "result": "arcd",
            "special": false,
            "upper": false
          },
          "sensitive_attributes": [],
          "identity_schema_version": 0
        }
      ]
    },
    {
      "module": "module.storage",
      "mode": "managed",
      "type": "azurerm_private_dns_zone",
      "name": "storage_dns_zone",
      "provider": "provider[\"registry.terraform.io/hashicorp/azurerm\"]",
      "instances": [
        {
          "schema_version": 0,
          "attributes": {
            "id": "/subscriptions/99b79efe-ebd6-468c-b39f-5669acb259e1/resourceGroups/04-T1-www/providers/Microsoft.Network/privateDnsZones/privatelink.blob.core.windows.net",
            "max_number_of_record_sets": 25000,
            "max_number_of_virtual_network_links": 1000,
            "max_number_of_virtual_network_links_with_registration": 100,
            "name": "privatelink.blob.core.windows.net",
            "number_of_record_sets": 1,
            "resource_group_name": "04-T1-www",
            "soa_record": [
              {
                "email": "azureprivatedns-host.microsoft.com",
                "expire_time": 2419200,
                "fqdn": "privatelink.blob.core.windows.net.",
                "host_name": "azureprivatedns.net",
                "minimum_ttl": 10,
                "refresh_time": 3600,
                "retry_time": 300,
                "serial_number": 1,
                "tags": {},
                "ttl": 3600
              }
            ],
            "tags": null,
            "timeouts": null
          },
          "sensitive_attributes": [],
          "identity_schema_version": 0,
          "identity": {
            "name": "privatelink.blob.core.windows.net",
            "resource_group_name": "04-T1-www",
            "subscription_id": "99b79efe-ebd6-468c-b39f-5669acb259e1"
          },
          "private": "eyJlMmJmYjczMC1lY2FhLTExZTYtOGY4OC0zNDM2M2JjN2M0YzAiOnsiY3JlYXRlIjoxODAwMDAwMDAwMDAwLCJkZWxldGUiOjE4MDAwMDAwMDAwMDAsInJlYWQiOjMwMDAwMDAwMDAwMCwidXBkYXRlIjoxODAwMDAwMDAwMDAwfX0=",
          "dependencies": [
            "azurerm_resource_group.www_rg"
          ]
        }
      ]
    },
    {
      "module": "module.storage",
      "mode": "managed",
      "type": "azurerm_private_dns_zone_virtual_network_link",
      "name": "storage_dns_link",
      "provider": "provider[\"registry.terraform.io/hashicorp/azurerm\"]",
      "instances": [
        {
          "schema_version": 0,
          "attributes": {
            "id": "/subscriptions/99b79efe-ebd6-468c-b39f-5669acb259e1/resourceGroups/04-T1-www/providers/Microsoft.Network/privateDnsZones/privatelink.blob.core.windows.net/virtualNetworkLinks/www-storage-dns-link",
            "name": "www-storage-dns-link",
            "private_dns_zone_name": "privatelink.blob.core.windows.net",
            "registration_enabled": false,
            "resolution_policy": "Default",
            "resource_group_name": "04-T1-www",
            "tags": null,
            "timeouts": null,
            "virtual_network_id": "/subscriptions/99b79efe-ebd6-468c-b39f-5669acb259e1/resourceGroups/04-T1-www/providers/Microsoft.Network/virtualNetworks/www-vnet0"
          },
          "sensitive_attributes": [],
          "identity_schema_version": 0,
          "identity": {
            "name": "www-storage-dns-link",
            "private_dns_zone_name": "privatelink.blob.core.windows.net",
            "resource_group_name": "04-T1-www",
            "subscription_id": "99b79efe-ebd6-468c-b39f-5669acb259e1"
          },
          "private": "eyJlMmJmYjczMC1lY2FhLTExZTYtOGY4OC0zNDM2M2JjN2M0YzAiOnsiY3JlYXRlIjoxODAwMDAwMDAwMDAwLCJkZWxldGUiOjE4MDAwMDAwMDAwMDAsInJlYWQiOjMwMDAwMDAwMDAwMCwidXBkYXRlIjoxODAwMDAwMDAwMDAwfX0=",
          "dependencies": [
            "azurerm_resource_group.www_rg",
            "azurerm_virtual_network.www_vnet0",
            "module.storage.azurerm_private_dns_zone.storage_dns_zone"
          ]
        }
      ]
    },
    {
      "module": "module.storage",
      "mode": "managed",
      "type": "azurerm_private_endpoint",
      "name": "storage_pe",
      "provider": "provider[\"registry.terraform.io/hashicorp/azurerm\"]",
      "instances": [
        {
          "schema_version": 0,
          "attributes": {
            "custom_dns_configs": [],
            "custom_network_interface_name": "",
            "id": "/subscriptions/99b79efe-ebd6-468c-b39f-5669acb259e1/resourceGroups/04-T1-www/providers/Microsoft.Network/privateEndpoints/www-storage-endpoint",
            "ip_configuration": [],
            "location": "koreacentral",
            "name": "www-storage-endpoint",
            "network_interface": [
              {
                "id": "/subscriptions/99b79efe-ebd6-468c-b39f-5669acb259e1/resourceGroups/04-T1-www/providers/Microsoft.Network/networkInterfaces/www-storage-endpoint.nic.a93294ab-6801-4b75-9220-1ca5cf6f13fc",
                "name": "www-storage-endpoint.nic.a93294ab-6801-4b75-9220-1ca5cf6f13fc"
              }
            ],
            "private_dns_zone_configs": [
              {
                "id": "/subscriptions/99b79efe-ebd6-468c-b39f-5669acb259e1/resourceGroups/04-T1-www/providers/Microsoft.Network/privateEndpoints/www-storage-endpoint/privateDnsZoneGroups/default/privateDnsZoneConfigs/privatelink.blob.core.windows.net",
                "name": "privatelink.blob.core.windows.net",
                "private_dns_zone_id": "/subscriptions/99b79efe-ebd6-468c-b39f-5669acb259e1/resourceGroups/04-T1-www/providers/Microsoft.Network/privateDnsZones/privatelink.blob.core.windows.net",
                "record_sets": [
                  {
                    "fqdn": "wwwstorewww004.privatelink.blob.core.windows.net",
                    "ip_addresses": [
                      "10.0.4.5"
                    ],
                    "name": "wwwstorewww004",
                    "ttl": 10,
                    "type": "A"
                  }
                ]
              }
            ],
            "private_dns_zone_group": [
              {
                "id": "/subscriptions/99b79efe-ebd6-468c-b39f-5669acb259e1/resourceGroups/04-T1-www/providers/Microsoft.Network/privateEndpoints/www-storage-endpoint/privateDnsZoneGroups/default",
                "name": "default",
                "private_dns_zone_ids": [
                  "/subscriptions/99b79efe-ebd6-468c-b39f-5669acb259e1/resourceGroups/04-T1-www/providers/Microsoft.Network/privateDnsZones/privatelink.blob.core.windows.net"
                ]
              }
            ],
            "private_service_connection": [
              {
                "is_manual_connection": false,
                "name": "www-storage-privatelink",
                "private_connection_resource_alias": "",
                "private_connection_resource_id": "/subscriptions/99b79efe-ebd6-468c-b39f-5669acb259e1/resourceGroups/04-T1-www/providers/Microsoft.Storage/storageAccounts/wwwstorewww004",
                "private_ip_address": "10.0.4.5",
                "request_message": "",
                "subresource_names": [
                  "blob"
                ]
              }
            ],
            "resource_group_name": "04-T1-www",
            "subnet_id": "/subscriptions/99b79efe-ebd6-468c-b39f-5669acb259e1/resourceGroups/04-T1-www/providers/Microsoft.Network/virtualNetworks/www-vnet0/subnets/www-db",
            "tags": null,
            "timeouts": null
          },
          "sensitive_attributes": [],
          "identity_schema_version": 0,
          "identity": {
            "name": "www-storage-endpoint",
            "resource_group_name": "04-T1-www",
            "subscription_id": "99b79efe-ebd6-468c-b39f-5669acb259e1"
          },
          "private": "eyJlMmJmYjczMC1lY2FhLTExZTYtOGY4OC0zNDM2M2JjN2M0YzAiOnsiY3JlYXRlIjozNjAwMDAwMDAwMDAwLCJkZWxldGUiOjM2MDAwMDAwMDAwMDAsInJlYWQiOjMwMDAwMDAwMDAwMCwidXBkYXRlIjozNjAwMDAwMDAwMDAwfX0=",
          "dependencies": [
            "azurerm_resource_group.www_rg",
            "azurerm_subnet.www_db",
            "azurerm_virtual_network.www_vnet0",
            "module.storage.azurerm_private_dns_zone.storage_dns_zone",
            "module.storage.azurerm_storage_account.www_sa"
          ]
        }
      ]
    },
    {
      "module": "module.storage",
      "mode": "managed",
      "type": "azurerm_storage_account",
      "name": "premium_sa",
      "provider": "provider[\"registry.terraform.io/hashicorp/azurerm\"]",
      "instances": [
        {
          "schema_version": 4,
          "attributes": {
            "access_tier": "",
            "account_kind": "BlockBlobStorage",
            "account_replication_type": "LRS",
            "account_tier": "Premium",
            "allow_nested_items_to_be_public": true,
            "allowed_copy_scope": "",
            "azure_files_authentication": [],
            "blob_properties": [
              {
                "change_feed_enabled": false,
                "change_feed_retention_in_days": 0,
                "container_delete_retention_policy": [],
                "cors_rule": [],
                "default_service_version": "",
                "delete_retention_policy": [],
                "last_access_time_enabled": false,
                "restore_policy": [],
                "versioning_enabled": false
              }
            ],
            "cross_tenant_replication_enabled": false,
            "custom_domain": [],
            "customer_managed_key": [],
            "default_to_oauth_authentication": false,
            "dns_endpoint_type": "Standard",
            "edge_zone": "",
            "https_traffic_only_enabled": true,
            "id": "/subscriptions/99b79efe-ebd6-468c-b39f-5669acb259e1/resourceGroups/04-T1-www/providers/Microsoft.Storage/storageAccounts/wwwpremiumsa3rgnjl",
            "identity": [],
            "immutability_policy": [],
            "infrastructure_encryption_enabled": false,
            "is_hns_enabled": false,
            "large_file_share_enabled": false,
            "local_user_enabled": true,
            "location": "koreacentral",
            "min_tls_version": "TLS1_2",
            "name": "wwwpremiumsa3rgnjl",
            "network_rules": [],
            "nfsv3_enabled": false,
            "primary_access_key": "+zj36Zog++hS1gqOhdD8l5IMwIo8bsi7+nhbX0P/3F+tAAF1Ia4bFJNOXR/McCNwBHW2p0aoxH8F+AStjpal7g==",
            "primary_blob_connection_string": "DefaultEndpointsProtocol=https;BlobEndpoint=https://wwwpremiumsa3rgnjl.blob.core.windows.net/;AccountName=wwwpremiumsa3rgnjl;AccountKey=+zj36Zog++hS1gqOhdD8l5IMwIo8bsi7+nhbX0P/3F+tAAF1Ia4bFJNOXR/McCNwBHW2p0aoxH8F+AStjpal7g==",
            "primary_blob_endpoint": "https://wwwpremiumsa3rgnjl.blob.core.windows.net/",
            "primary_blob_host": "wwwpremiumsa3rgnjl.blob.core.windows.net",
            "primary_blob_internet_endpoint": "",
            "primary_blob_internet_host": "",
            "primary_blob_microsoft_endpoint": "",
            "primary_blob_microsoft_host": "",
            "primary_connection_string": "DefaultEndpointsProtocol=https;AccountName=wwwpremiumsa3rgnjl;AccountKey=+zj36Zog++hS1gqOhdD8l5IMwIo8bsi7+nhbX0P/3F+tAAF1Ia4bFJNOXR/McCNwBHW2p0aoxH8F+AStjpal7g==;EndpointSuffix=core.windows.net",
            "primary_dfs_endpoint": "https://wwwpremiumsa3rgnjl.dfs.core.windows.net/",
            "primary_dfs_host": "wwwpremiumsa3rgnjl.dfs.core.windows.net",
            "primary_dfs_internet_endpoint": "",
            "primary_dfs_internet_host": "",
            "primary_dfs_microsoft_endpoint": "",
            "primary_dfs_microsoft_host": "",
            "primary_file_endpoint": "",
            "primary_file_host": "",
            "primary_file_internet_endpoint": "",
            "primary_file_internet_host": "",
            "primary_file_microsoft_endpoint": "",
            "primary_file_microsoft_host": "",
            "primary_location": "koreacentral",
            "primary_queue_endpoint": "",
            "primary_queue_host": "",
            "primary_queue_microsoft_endpoint": "",
            "primary_queue_microsoft_host": "",
            "primary_table_endpoint": "",
            "primary_table_host": "",
            "primary_table_microsoft_endpoint": "",
            "primary_table_microsoft_host": "",
            "primary_web_endpoint": "https://wwwpremiumsa3rgnjl.z12.web.core.windows.net/",
            "primary_web_host": "wwwpremiumsa3rgnjl.z12.web.core.windows.net",
            "primary_web_internet_endpoint": "",
            "primary_web_internet_host": "",
            "primary_web_microsoft_endpoint": "",
            "primary_web_microsoft_host": "",
            "provisioned_billing_model_version": "",
            "public_network_access_enabled": true,
            "queue_encryption_key_type": "Service",
            "queue_properties": [],
            "resource_group_name": "04-T1-www",
            "routing": [],
            "sas_policy": [],
            "secondary_access_key": "oEg+qQbrPeuNGIOLDj8dk3HNmkU/6ehKJCp7RBuZ2wnONLYdtRtaWFE8efjVkfdfqrG7P3Zwe7mn+AStRNCfsg==",
            "secondary_blob_connection_string": "",
            "secondary_blob_endpoint": "",
            "secondary_blob_host": "",
            "secondary_blob_internet_endpoint": "",
            "secondary_blob_internet_host": "",
            "secondary_blob_microsoft_endpoint": "",
            "secondary_blob_microsoft_host": "",
            "secondary_connection_string": "DefaultEndpointsProtocol=https;AccountName=wwwpremiumsa3rgnjl;AccountKey=oEg+qQbrPeuNGIOLDj8dk3HNmkU/6ehKJCp7RBuZ2wnONLYdtRtaWFE8efjVkfdfqrG7P3Zwe7mn+AStRNCfsg==;EndpointSuffix=core.windows.net",
            "secondary_dfs_endpoint": "",
            "secondary_dfs_host": "",
            "secondary_dfs_internet_endpoint": "",
            "secondary_dfs_internet_host": "",
            "secondary_dfs_microsoft_endpoint": "",
            "secondary_dfs_microsoft_host": "",
            "secondary_file_endpoint": "",
            "secondary_file_host": "",
            "secondary_file_internet_endpoint": "",
            "secondary_file_internet_host": "",
            "secondary_file_microsoft_endpoint": "",
            "secondary_file_microsoft_host": "",
            "secondary_location": "",
            "secondary_queue_endpoint": "",
            "secondary_queue_host": "",
            "secondary_queue_microsoft_endpoint": "",
            "secondary_queue_microsoft_host": "",
            "secondary_table_endpoint": "",
            "secondary_table_host": "",
            "secondary_table_microsoft_endpoint": "",
            "secondary_table_microsoft_host": "",
            "secondary_web_endpoint": "",
            "secondary_web_host": "",
            "secondary_web_internet_endpoint": "",
            "secondary_web_internet_host": "",
            "secondary_web_microsoft_endpoint": "",
            "secondary_web_microsoft_host": "",
            "sftp_enabled": false,
            "share_properties": [],
            "shared_access_key_enabled": true,
            "static_website": [],
            "table_encryption_key_type": "Service",
            "tags": null,
            "timeouts": null
          },
          "sensitive_attributes": [
            [
              {
                "type": "get_attr",
                "value": "primary_access_key"
              }
            ],
            [
              {
                "type": "get_attr",
                "value": "primary_blob_connection_string"
              }
            ],
            [
              {
                "type": "get_attr",
                "value": "primary_connection_string"
              }
            ],
            [
              {
                "type": "get_attr",
                "value": "secondary_access_key"
              }
            ],
            [
              {
                "type": "get_attr",
                "value": "secondary_blob_connection_string"
              }
            ],
            [
              {
                "type": "get_attr",
                "value": "secondary_connection_string"
              }
            ]
          ],
          "identity_schema_version": 0,
          "identity": {
            "name": "wwwpremiumsa3rgnjl",
            "resource_group_name": "04-T1-www",
            "subscription_id": "99b79efe-ebd6-468c-b39f-5669acb259e1"
          },
          "private": "eyJlMmJmYjczMC1lY2FhLTExZTYtOGY4OC0zNDM2M2JjN2M0YzAiOnsiY3JlYXRlIjozNjAwMDAwMDAwMDAwLCJkZWxldGUiOjM2MDAwMDAwMDAwMDAsInJlYWQiOjMwMDAwMDAwMDAwMCwidXBkYXRlIjozNjAwMDAwMDAwMDAwfSwic2NoZW1hX3ZlcnNpb24iOiI0In0=",
          "dependencies": [
            "azurerm_resource_group.www_rg",
            "module.storage.random_string.sa_suffix"
          ]
        }
      ]
    },
    {
      "module": "module.storage",
      "mode": "managed",
      "type": "azurerm_storage_account",
      "name": "www_sa",
      "provider": "provider[\"registry.terraform.io/hashicorp/azurerm\"]",
      "instances": [
        {
          "schema_version": 4,
          "attributes": {
            "access_tier": "Hot",
            "account_kind": "StorageV2",
            "account_replication_type": "GRS",
            "account_tier": "Standard",
            "allow_nested_items_to_be_public": true,
            "allowed_copy_scope": "",
            "azure_files_authentication": [],
            "blob_properties": [
              {
                "change_feed_enabled": false,
                "change_feed_retention_in_days": 0,
                "container_delete_retention_policy": [
                  {
                    "days": 7
                  }
                ],
                "cors_rule": [],
                "default_service_version": "",
                "delete_retention_policy": [
                  {
                    "days": 7,
                    "permanent_delete_enabled": false
                  }
                ],
                "last_access_time_enabled": false,
                "restore_policy": [],
                "versioning_enabled": true
              }
            ],
            "cross_tenant_replication_enabled": false,
            "custom_domain": [],
            "customer_managed_key": [],
            "default_to_oauth_authentication": false,
            "dns_endpoint_type": "Standard",
            "edge_zone": "",
            "https_traffic_only_enabled": true,
            "id": "/subscriptions/99b79efe-ebd6-468c-b39f-5669acb259e1/resourceGroups/04-T1-www/providers/Microsoft.Storage/storageAccounts/wwwstorewww004",
            "identity": [],
            "immutability_policy": [],
            "infrastructure_encryption_enabled": false,
            "is_hns_enabled": false,
            "large_file_share_enabled": false,
            "local_user_enabled": true,
            "location": "koreacentral",
            "min_tls_version": "TLS1_2",
            "name": "wwwstorewww004",
            "network_rules": [
              {
                "bypass": [
                  "AzureServices"
                ],
                "default_action": "Deny",
                "ip_rules": [
                  "61.108.60.26"
                ],
                "private_link_access": [],
                "virtual_network_subnet_ids": [
                  "/subscriptions/99b79efe-ebd6-468c-b39f-5669acb259e1/resourceGroups/04-T1-www/providers/Microsoft.Network/virtualNetworks/www-vnet0/subnets/www-db"
                ]
              }
            ],
            "nfsv3_enabled": false,
            "primary_access_key": "Xni7djBJdVGGv2ue6dGe6LBGBkzsQrDwHKkx5cGvLAFHGSvQ/YBMelf+NUrs3FSZSaFAP9FMPDbf+ASt+lopMA==",
            "primary_blob_connection_string": "DefaultEndpointsProtocol=https;BlobEndpoint=https://wwwstorewww004.blob.core.windows.net/;AccountName=wwwstorewww004;AccountKey=Xni7djBJdVGGv2ue6dGe6LBGBkzsQrDwHKkx5cGvLAFHGSvQ/YBMelf+NUrs3FSZSaFAP9FMPDbf+ASt+lopMA==",
            "primary_blob_endpoint": "https://wwwstorewww004.blob.core.windows.net/",
            "primary_blob_host": "wwwstorewww004.blob.core.windows.net",
            "primary_blob_internet_endpoint": "",
            "primary_blob_internet_host": "",
            "primary_blob_microsoft_endpoint": "",
            "primary_blob_microsoft_host": "",
            "primary_connection_string": "DefaultEndpointsProtocol=https;AccountName=wwwstorewww004;AccountKey=Xni7djBJdVGGv2ue6dGe6LBGBkzsQrDwHKkx5cGvLAFHGSvQ/YBMelf+NUrs3FSZSaFAP9FMPDbf+ASt+lopMA==;EndpointSuffix=core.windows.net",
            "primary_dfs_endpoint": "https://wwwstorewww004.dfs.core.windows.net/",
            "primary_dfs_host": "wwwstorewww004.dfs.core.windows.net",
            "primary_dfs_internet_endpoint": "",
            "primary_dfs_internet_host": "",
            "primary_dfs_microsoft_endpoint": "",
            "primary_dfs_microsoft_host": "",
            "primary_file_endpoint": "https://wwwstorewww004.file.core.windows.net/",
            "primary_file_host": "wwwstorewww004.file.core.windows.net",
            "primary_file_internet_endpoint": "",
            "primary_file_internet_host": "",
            "primary_file_microsoft_endpoint": "",
            "primary_file_microsoft_host": "",
            "primary_location": "koreacentral",
            "primary_queue_endpoint": "https://wwwstorewww004.queue.core.windows.net/",
            "primary_queue_host": "wwwstorewww004.queue.core.windows.net",
            "primary_queue_microsoft_endpoint": "",
            "primary_queue_microsoft_host": "",
            "primary_table_endpoint": "https://wwwstorewww004.table.core.windows.net/",
            "primary_table_host": "wwwstorewww004.table.core.windows.net",
            "primary_table_microsoft_endpoint": "",
            "primary_table_microsoft_host": "",
            "primary_web_endpoint": "https://wwwstorewww004.z12.web.core.windows.net/",
            "primary_web_host": "wwwstorewww004.z12.web.core.windows.net",
            "primary_web_internet_endpoint": "",
            "primary_web_internet_host": "",
            "primary_web_microsoft_endpoint": "",
            "primary_web_microsoft_host": "",
            "provisioned_billing_model_version": "",
            "public_network_access_enabled": true,
            "queue_encryption_key_type": "Service",
            "queue_properties": [
              {
                "cors_rule": [],
                "hour_metrics": [
                  {
                    "enabled": false,
                    "include_apis": false,
                    "retention_policy_days": 0,
                    "version": "1.0"
                  }
                ],
                "logging": [
                  {
                    "delete": false,
                    "read": false,
                    "retention_policy_days": 0,
                    "version": "1.0",
                    "write": false
                  }
                ],
                "minute_metrics": [
                  {
                    "enabled": false,
                    "include_apis": false,
                    "retention_policy_days": 0,
                    "version": "1.0"
                  }
                ]
              }
            ],
            "resource_group_name": "04-T1-www",
            "routing": [],
            "sas_policy": [],
            "secondary_access_key": "jEEBAfUAmsD1rbkO0S3g509R4zNqcCGkdyKqCvsgQazDvudslNUlTf+U7sLjvtM0ImJpDzvHi7bb+AStmGR6jQ==",
            "secondary_blob_connection_string": "",
            "secondary_blob_endpoint": "",
            "secondary_blob_host": "",
            "secondary_blob_internet_endpoint": "",
            "secondary_blob_internet_host": "",
            "secondary_blob_microsoft_endpoint": "",
            "secondary_blob_microsoft_host": "",
            "secondary_connection_string": "DefaultEndpointsProtocol=https;AccountName=wwwstorewww004;AccountKey=jEEBAfUAmsD1rbkO0S3g509R4zNqcCGkdyKqCvsgQazDvudslNUlTf+U7sLjvtM0ImJpDzvHi7bb+AStmGR6jQ==;EndpointSuffix=core.windows.net",
            "secondary_dfs_endpoint": "",
            "secondary_dfs_host": "",
            "secondary_dfs_internet_endpoint": "",
            "secondary_dfs_internet_host": "",
            "secondary_dfs_microsoft_endpoint": "",
            "secondary_dfs_microsoft_host": "",
            "secondary_file_endpoint": "",
            "secondary_file_host": "",
            "secondary_file_internet_endpoint": "",
            "secondary_file_internet_host": "",
            "secondary_file_microsoft_endpoint": "",
            "secondary_file_microsoft_host": "",
            "secondary_location": "koreasouth",
            "secondary_queue_endpoint": "",
            "secondary_queue_host": "",
            "secondary_queue_microsoft_endpoint": "",
            "secondary_queue_microsoft_host": "",
            "secondary_table_endpoint": "",
            "secondary_table_host": "",
            "secondary_table_microsoft_endpoint": "",
            "secondary_table_microsoft_host": "",
            "secondary_web_endpoint": "",
            "secondary_web_host": "",
            "secondary_web_internet_endpoint": "",
            "secondary_web_internet_host": "",
            "secondary_web_microsoft_endpoint": "",
            "secondary_web_microsoft_host": "",
            "sftp_enabled": false,
            "share_properties": [
              {
                "cors_rule": [],
                "retention_policy": [
                  {
                    "days": 7
                  }
                ],
                "smb": []
              }
            ],
            "shared_access_key_enabled": true,
            "static_website": [],
            "table_encryption_key_type": "Service",
            "tags": {
              "environment": "production",
              "team": "www"
            },
            "timeouts": null
          },
          "sensitive_attributes": [
            [
              {
                "type": "get_attr",
                "value": "primary_access_key"
              }
            ],
            [
              {
                "type": "get_attr",
                "value": "primary_blob_connection_string"
              }
            ],
            [
              {
                "type": "get_attr",
                "value": "primary_connection_string"
              }
            ],
            [
              {
                "type": "get_attr",
                "value": "secondary_access_key"
              }
            ],
            [
              {
                "type": "get_attr",
                "value": "secondary_blob_connection_string"
              }
            ],
            [
              {
                "type": "get_attr",
                "value": "secondary_connection_string"
              }
            ]
          ],
          "identity_schema_version": 0,
          "identity": {
            "name": "wwwstorewww004",
            "resource_group_name": "04-T1-www",
            "subscription_id": "99b79efe-ebd6-468c-b39f-5669acb259e1"
          },
          "private": "eyJlMmJmYjczMC1lY2FhLTExZTYtOGY4OC0zNDM2M2JjN2M0YzAiOnsiY3JlYXRlIjozNjAwMDAwMDAwMDAwLCJkZWxldGUiOjM2MDAwMDAwMDAwMDAsInJlYWQiOjMwMDAwMDAwMDAwMCwidXBkYXRlIjozNjAwMDAwMDAwMDAwfSwic2NoZW1hX3ZlcnNpb24iOiI0In0=",
          "dependencies": [
            "azurerm_resource_group.www_rg",
            "azurerm_subnet.www_db",
            "azurerm_virtual_network.www_vnet0"
          ]
        }
      ]
    },
    {
      "module": "module.storage",
      "mode": "managed",
      "type": "azurerm_storage_container",
      "name": "mysql_backups",
      "provider": "provider[\"registry.terraform.io/hashicorp/azurerm\"]",
      "instances": [
        {
          "schema_version": 1,
          "attributes": {
            "container_access_type": "private",
            "default_encryption_scope": "$account-encryption-key",
            "encryption_scope_override_enabled": true,
            "has_immutability_policy": false,
            "has_legal_hold": false,
            "id": "/subscriptions/99b79efe-ebd6-468c-b39f-5669acb259e1/resourceGroups/04-T1-www/providers/Microsoft.Storage/storageAccounts/wwwstorewww004/blobServices/default/containers/mysql-backups",
            "metadata": {},
            "name": "mysql-backups",
            "resource_manager_id": "/subscriptions/99b79efe-ebd6-468c-b39f-5669acb259e1/resourceGroups/04-T1-www/providers/Microsoft.Storage/storageAccounts/wwwstorewww004/blobServices/default/containers/mysql-backups",
            "storage_account_id": "/subscriptions/99b79efe-ebd6-468c-b39f-5669acb259e1/resourceGroups/04-T1-www/providers/Microsoft.Storage/storageAccounts/wwwstorewww004",
            "storage_account_name": "",
            "timeouts": null
          },
          "sensitive_attributes": [],
          "identity_schema_version": 0,
          "private": "eyJlMmJmYjczMC1lY2FhLTExZTYtOGY4OC0zNDM2M2JjN2M0YzAiOnsiY3JlYXRlIjoxODAwMDAwMDAwMDAwLCJkZWxldGUiOjE4MDAwMDAwMDAwMDAsInJlYWQiOjMwMDAwMDAwMDAwMCwidXBkYXRlIjoxODAwMDAwMDAwMDAwfSwic2NoZW1hX3ZlcnNpb24iOiIxIn0=",
          "dependencies": [
            "azurerm_resource_group.www_rg",
            "azurerm_subnet.www_db",
            "azurerm_virtual_network.www_vnet0",
            "module.storage.azurerm_storage_account.www_sa"
          ]
        }
      ]
    },
    {
      "module": "module.storage",
      "mode": "managed",
      "type": "azurerm_storage_container",
      "name": "wordpress_content",
      "provider": "provider[\"registry.terraform.io/hashicorp/azurerm\"]",
      "instances": [
        {
          "schema_version": 1,
          "attributes": {
            "container_access_type": "blob",
            "default_encryption_scope": "$account-encryption-key",
            "encryption_scope_override_enabled": true,
            "has_immutability_policy": false,
            "has_legal_hold": false,
            "id": "/subscriptions/99b79efe-ebd6-468c-b39f-5669acb259e1/resourceGroups/04-T1-www/providers/Microsoft.Storage/storageAccounts/wwwstorewww004/blobServices/default/containers/wordpress-content",
            "metadata": {},
            "name": "wordpress-content",
            "resource_manager_id": "/subscriptions/99b79efe-ebd6-468c-b39f-5669acb259e1/resourceGroups/04-T1-www/providers/Microsoft.Storage/storageAccounts/wwwstorewww004/blobServices/default/containers/wordpress-content",
            "storage_account_id": "/subscriptions/99b79efe-ebd6-468c-b39f-5669acb259e1/resourceGroups/04-T1-www/providers/Microsoft.Storage/storageAccounts/wwwstorewww004",
            "storage_account_name": "",
            "timeouts": null
          },
          "sensitive_attributes": [],
          "identity_schema_version": 0,
          "private": "eyJlMmJmYjczMC1lY2FhLTExZTYtOGY4OC0zNDM2M2JjN2M0YzAiOnsiY3JlYXRlIjoxODAwMDAwMDAwMDAwLCJkZWxldGUiOjE4MDAwMDAwMDAwMDAsInJlYWQiOjMwMDAwMDAwMDAwMCwidXBkYXRlIjoxODAwMDAwMDAwMDAwfSwic2NoZW1hX3ZlcnNpb24iOiIxIn0=",
          "dependencies": [
            "azurerm_resource_group.www_rg",
            "azurerm_subnet.www_db",
            "azurerm_virtual_network.www_vnet0",
            "module.storage.azurerm_storage_account.www_sa"
          ]
        }
      ]
    },
    {
      "module": "module.storage",
      "mode": "managed",
      "type": "azurerm_storage_container",
      "name": "www_container",
      "provider": "provider[\"registry.terraform.io/hashicorp/azurerm\"]",
      "instances": [
        {
          "schema_version": 1,
          "attributes": {
            "container_access_type": "private",
            "default_encryption_scope": "$account-encryption-key",
            "encryption_scope_override_enabled": true,
            "has_immutability_policy": false,
            "has_legal_hold": false,
            "id": "/subscriptions/99b79efe-ebd6-468c-b39f-5669acb259e1/resourceGroups/04-T1-www/providers/Microsoft.Storage/storageAccounts/wwwstorewww004/blobServices/default/containers/www-files",
            "metadata": {},
            "name": "www-files",
            "resource_manager_id": "/subscriptions/99b79efe-ebd6-468c-b39f-5669acb259e1/resourceGroups/04-T1-www/providers/Microsoft.Storage/storageAccounts/wwwstorewww004/blobServices/default/containers/www-files",
            "storage_account_id": "/subscriptions/99b79efe-ebd6-468c-b39f-5669acb259e1/resourceGroups/04-T1-www/providers/Microsoft.Storage/storageAccounts/wwwstorewww004",
            "storage_account_name": "",
            "timeouts": null
          },
          "sensitive_attributes": [],
          "identity_schema_version": 0,
          "private": "eyJlMmJmYjczMC1lY2FhLTExZTYtOGY4OC0zNDM2M2JjN2M0YzAiOnsiY3JlYXRlIjoxODAwMDAwMDAwMDAwLCJkZWxldGUiOjE4MDAwMDAwMDAwMDAsInJlYWQiOjMwMDAwMDAwMDAwMCwidXBkYXRlIjoxODAwMDAwMDAwMDAwfSwic2NoZW1hX3ZlcnNpb24iOiIxIn0=",
          "dependencies": [
            "azurerm_resource_group.www_rg",
            "azurerm_subnet.www_db",
            "azurerm_virtual_network.www_vnet0",
            "module.storage.azurerm_storage_account.www_sa"
          ]
        }
      ]
    },
    {
      "module": "module.storage",
      "mode": "managed",
      "type": "azurerm_storage_container",
      "name": "www_media",
      "provider": "provider[\"registry.terraform.io/hashicorp/azurerm\"]",
      "instances": [
        {
          "schema_version": 1,
          "attributes": {
            "container_access_type": "private",
            "default_encryption_scope": "$account-encryption-key",
            "encryption_scope_override_enabled": true,
            "has_immutability_policy": false,
            "has_legal_hold": false,
            "id": "/subscriptions/99b79efe-ebd6-468c-b39f-5669acb259e1/resourceGroups/04-T1-www/providers/Microsoft.Storage/storageAccounts/wwwstorewww004/blobServices/default/containers/media",
            "metadata": {},
            "name": "media",
            "resource_manager_id": "/subscriptions/99b79efe-ebd6-468c-b39f-5669acb259e1/resourceGroups/04-T1-www/providers/Microsoft.Storage/storageAccounts/wwwstorewww004/blobServices/default/containers/media",
            "storage_account_id": "/subscriptions/99b79efe-ebd6-468c-b39f-5669acb259e1/resourceGroups/04-T1-www/providers/Microsoft.Storage/storageAccounts/wwwstorewww004",
            "storage_account_name": "",
            "timeouts": null
          },
          "sensitive_attributes": [],
          "identity_schema_version": 0,
          "private": "eyJlMmJmYjczMC1lY2FhLTExZTYtOGY4OC0zNDM2M2JjN2M0YzAiOnsiY3JlYXRlIjoxODAwMDAwMDAwMDAwLCJkZWxldGUiOjE4MDAwMDAwMDAwMDAsInJlYWQiOjMwMDAwMDAwMDAwMCwidXBkYXRlIjoxODAwMDAwMDAwMDAwfSwic2NoZW1hX3ZlcnNpb24iOiIxIn0=",
          "dependencies": [
            "azurerm_resource_group.www_rg",
            "azurerm_subnet.www_db",
            "azurerm_virtual_network.www_vnet0",
            "module.storage.azurerm_storage_account.www_sa"
          ]
        }
      ]
    },
    {
      "module": "module.storage",
      "mode": "managed",
      "type": "azurerm_storage_container",
      "name": "www_tfstate",
      "provider": "provider[\"registry.terraform.io/hashicorp/azurerm\"]",
      "instances": [
        {
          "schema_version": 1,
          "attributes": {
            "container_access_type": "private",
            "default_encryption_scope": "$account-encryption-key",
            "encryption_scope_override_enabled": true,
            "has_immutability_policy": false,
            "has_legal_hold": false,
            "id": "/subscriptions/99b79efe-ebd6-468c-b39f-5669acb259e1/resourceGroups/04-T1-www/providers/Microsoft.Storage/storageAccounts/wwwstorewww004/blobServices/default/containers/tfstate",
            "metadata": {},
            "name": "tfstate",
            "resource_manager_id": "/subscriptions/99b79efe-ebd6-468c-b39f-5669acb259e1/resourceGroups/04-T1-www/providers/Microsoft.Storage/storageAccounts/wwwstorewww004/blobServices/default/containers/tfstate",
            "storage_account_id": "/subscriptions/99b79efe-ebd6-468c-b39f-5669acb259e1/resourceGroups/04-T1-www/providers/Microsoft.Storage/storageAccounts/wwwstorewww004",
            "storage_account_name": "",
            "timeouts": null
          },
          "sensitive_attributes": [],
          "identity_schema_version": 0,
          "private": "eyJlMmJmYjczMC1lY2FhLTExZTYtOGY4OC0zNDM2M2JjN2M0YzAiOnsiY3JlYXRlIjoxODAwMDAwMDAwMDAwLCJkZWxldGUiOjE4MDAwMDAwMDAwMDAsInJlYWQiOjMwMDAwMDAwMDAwMCwidXBkYXRlIjoxODAwMDAwMDAwMDAwfSwic2NoZW1hX3ZlcnNpb24iOiIxIn0=",
          "dependencies": [
            "azurerm_resource_group.www_rg",
            "azurerm_subnet.www_db",
            "azurerm_virtual_network.www_vnet0",
            "module.storage.azurerm_storage_account.www_sa"
          ]
        }
      ]
    },
    {
      "module": "module.storage",
      "mode": "managed",
      "type": "azurerm_storage_management_policy",
      "name": "www_policy",
      "provider": "provider[\"registry.terraform.io/hashicorp/azurerm\"]",
      "instances": [
        {
          "schema_version": 0,
          "attributes": {
            "id": "/subscriptions/99b79efe-ebd6-468c-b39f-5669acb259e1/resourceGroups/04-T1-www/providers/Microsoft.Storage/storageAccounts/wwwstorewww004/managementPolicies/default",
            "rule": [
              {
                "actions": [
                  {
                    "base_blob": [
                      {
                        "auto_tier_to_hot_from_cool_enabled": false,
                        "delete_after_days_since_creation_greater_than": -1,
                        "delete_after_days_since_last_access_time_greater_than": -1,
                        "delete_after_days_since_modification_greater_than": 365,
                        "tier_to_archive_after_days_since_creation_greater_than": -1,
                        "tier_to_archive_after_days_since_last_access_time_greater_than": -1,
                        "tier_to_archive_after_days_since_last_tier_change_greater_than": -1,
                        "tier_to_archive_after_days_since_modification_greater_than": 90,
                        "tier_to_cold_after_days_since_creation_greater_than": -1,
                        "tier_to_cold_after_days_since_last_access_time_greater_than": -1,
                        "tier_to_cold_after_days_since_modification_greater_than": -1,
                        "tier_to_cool_after_days_since_creation_greater_than": -1,
                        "tier_to_cool_after_days_since_last_access_time_greater_than": -1,
                        "tier_to_cool_after_days_since_modification_greater_than": 30
                      }
                    ],
                    "snapshot": [],
                    "version": []
                  }
                ],
                "enabled": true,
                "filters": [
                  {
                    "blob_types": [
                      "blockBlob"
                    ],
                    "match_blob_index_tag": [],
                    "prefix_match": [
                      "media/"
                    ]
                  }
                ],
                "name": "cleanup-old-files"
              }
            ],
            "storage_account_id": "/subscriptions/99b79efe-ebd6-468c-b39f-5669acb259e1/resourceGroups/04-T1-www/providers/Microsoft.Storage/storageAccounts/wwwstorewww004",
            "timeouts": null
          },
          "sensitive_attributes": [],
          "identity_schema_version": 0,
          "private": "eyJlMmJmYjczMC1lY2FhLTExZTYtOGY4OC0zNDM2M2JjN2M0YzAiOnsiY3JlYXRlIjoxODAwMDAwMDAwMDAwLCJkZWxldGUiOjE4MDAwMDAwMDAwMDAsInJlYWQiOjMwMDAwMDAwMDAwMCwidXBkYXRlIjoxODAwMDAwMDAwMDAwfX0=",
          "dependencies": [
            "azurerm_resource_group.www_rg",
            "azurerm_subnet.www_db",
            "azurerm_virtual_network.www_vnet0",
            "module.storage.azurerm_storage_account.www_sa"
          ]
        }
      ]
    },
    {
      "module": "module.storage",
      "mode": "managed",
      "type": "azurerm_storage_share",
      "name": "share",
      "provider": "provider[\"registry.terraform.io/hashicorp/azurerm\"]",
      "instances": [
        {
          "schema_version": 2,
          "attributes": {
            "access_tier": "TransactionOptimized",
            "acl": [],
            "enabled_protocol": "SMB",
            "id": "/subscriptions/99b79efe-ebd6-468c-b39f-5669acb259e1/resourceGroups/04-T1-www/providers/Microsoft.Storage/storageAccounts/wwwstorewww004/fileServices/default/shares/www-share",
            "metadata": {},
            "name": "www-share",
            "quota": 50,
            "resource_manager_id": "/subscriptions/99b79efe-ebd6-468c-b39f-5669acb259e1/resourceGroups/04-T1-www/providers/Microsoft.Storage/storageAccounts/wwwstorewww004/fileServices/default/shares/www-share",
            "storage_account_id": "/subscriptions/99b79efe-ebd6-468c-b39f-5669acb259e1/resourceGroups/04-T1-www/providers/Microsoft.Storage/storageAccounts/wwwstorewww004",
            "storage_account_name": "",
            "timeouts": null,
            "url": "https://wwwstorewww004.file.core.windows.net/www-share"
          },
          "sensitive_attributes": [],
          "identity_schema_version": 0,
          "private": "eyJlMmJmYjczMC1lY2FhLTExZTYtOGY4OC0zNDM2M2JjN2M0YzAiOnsiY3JlYXRlIjoxODAwMDAwMDAwMDAwLCJkZWxldGUiOjE4MDAwMDAwMDAwMDAsInJlYWQiOjMwMDAwMDAwMDAwMCwidXBkYXRlIjoxODAwMDAwMDAwMDAwfSwic2NoZW1hX3ZlcnNpb24iOiIyIn0=",
          "dependencies": [
            "azurerm_resource_group.www_rg",
            "azurerm_subnet.www_db",
            "azurerm_virtual_network.www_vnet0",
            "module.storage.azurerm_storage_account.www_sa"
          ]
        }
      ]
    },
    {
      "module": "module.storage",
      "mode": "managed",
      "type": "random_string",
      "name": "sa_suffix",
      "provider": "provider[\"registry.terraform.io/hashicorp/random\"]",
      "instances": [
        {
          "schema_version": 2,
          "attributes": {
            "id": "3rgnjl",
            "keepers": null,
            "length": 6,
            "lower": true,
            "min_lower": 0,
            "min_numeric": 0,
            "min_special": 0,
            "min_upper": 0,
            "number": true,
            "numeric": true,
            "override_special": null,
            "result": "3rgnjl",
            "special": false,
            "upper": false
          },
          "sensitive_attributes": [],
          "identity_schema_version": 0
        }
      ]
    }
  ],
  "check_results": null
}
