{
  "version": 4,
  "terraform_version": "1.13.5",
  "serial": 664,
  "lineage": "64ef1917-a84b-4fe7-1e59-469188eac695",
  "outputs": {
    "www_rg": {
      "value": {
        "id": "/subscriptions/99b79efe-ebd6-468c-b39f-5669acb259e1/resourceGroups/04-t1-leegh",
        "location": "koreacentral",
        "managed_by": "",
        "name": "04-t1-leegh",
        "tags": {},
        "timeouts": null
      },
      "type": [
        "object",
        {
          "id": "string",
          "location": "string",
          "managed_by": "string",
          "name": "string",
          "tags": [
            "map",
            "string"
          ],
          "timeouts": [
            "object",
            {
              "create": "string",
              "delete": "string",
              "read": "string",
              "update": "string"
            }
          ]
        }
      ]
    }
  },
  "resources": [
    {
      "mode": "data",
      "type": "azuread_user",
      "name": "compute_admin",
      "provider": "provider[\"registry.terraform.io/hashicorp/azuread\"]",
      "instances": [
        {
          "schema_version": 0,
          "attributes": {
            "account_enabled": true,
            "age_group": "",
            "business_phones": [],
            "city": "",
            "company_name": "",
            "consent_provided_for_minor": "",
            "cost_center": null,
            "country": "",
            "creation_type": "",
            "department": "",
            "display_name": "배하영",
            "division": null,
            "employee_hire_date": "",
            "employee_id": "",
            "employee_type": "",
            "external_user_state": "",
            "fax_number": "",
            "given_name": "",
            "id": "/users/5a54cace-68ce-40f1-b485-b32a226e50e5",
            "im_addresses": [],
            "job_title": "",
            "mail": "",
            "mail_nickname": "student11",
            "manager_id": "",
            "mobile_phone": "",
            "object_id": "5a54cace-68ce-40f1-b485-b32a226e50e5",
            "office_location": "",
            "onpremises_distinguished_name": "",
            "onpremises_domain_name": "",
            "onpremises_immutable_id": "",
            "onpremises_sam_account_name": "",
            "onpremises_security_identifier": "",
            "onpremises_sync_enabled": false,
            "onpremises_user_principal_name": "",
            "other_mails": [],
            "postal_code": "",
            "preferred_language": "",
            "proxy_addresses": [],
            "show_in_address_list": false,
            "state": "",
            "street_address": "",
            "surname": "",
            "timeouts": null,
            "usage_location": "",
            "user_principal_name": "student411@mscsschool.onmicrosoft.com",
            "user_type": "Member"
          },
          "sensitive_attributes": [],
          "identity_schema_version": 0
        }
      ]
    },
    {
      "mode": "data",
      "type": "azuread_user",
      "name": "db_admin",
      "provider": "provider[\"registry.terraform.io/hashicorp/azuread\"]",
      "instances": [
        {
          "schema_version": 0,
          "attributes": {
            "account_enabled": true,
            "age_group": "",
            "business_phones": [],
            "city": "",
            "company_name": "",
            "consent_provided_for_minor": "",
            "cost_center": null,
            "country": "",
            "creation_type": "",
            "department": "",
            "display_name": "이두경",
            "division": null,
            "employee_hire_date": "",
            "employee_id": "",
            "employee_type": "",
            "external_user_state": "",
            "fax_number": "",
            "given_name": "",
            "id": "/users/492131b6-671b-43f1-ac1e-db6a26222569",
            "im_addresses": [],
            "job_title": "",
            "mail": "",
            "mail_nickname": "student421",
            "manager_id": "",
            "mobile_phone": "",
            "object_id": "492131b6-671b-43f1-ac1e-db6a26222569",
            "office_location": "",
            "onpremises_distinguished_name": "",
            "onpremises_domain_name": "",
            "onpremises_immutable_id": "",
            "onpremises_sam_account_name": "",
            "onpremises_security_identifier": "",
            "onpremises_sync_enabled": false,
            "onpremises_user_principal_name": "",
            "other_mails": [],
            "postal_code": "",
            "preferred_language": "",
            "proxy_addresses": [],
            "show_in_address_list": false,
            "state": "",
            "street_address": "",
            "surname": "",
            "timeouts": null,
            "usage_location": "",
            "user_principal_name": "student421@mscsschool.onmicrosoft.com",
            "user_type": "Member"
          },
          "sensitive_attributes": [],
          "identity_schema_version": 0
        }
      ]
    },
    {
      "mode": "data",
      "type": "azuread_user",
      "name": "network_admin",
      "provider": "provider[\"registry.terraform.io/hashicorp/azuread\"]",
      "instances": [
        {
          "schema_version": 0,
          "attributes": {
            "account_enabled": true,
            "age_group": "",
            "business_phones": [],
            "city": "",
            "company_name": "",
            "consent_provided_for_minor": "",
            "cost_center": null,
            "country": "",
            "creation_type": "",
            "department": "",
            "display_name": "이하연",
            "division": null,
            "employee_hire_date": "",
            "employee_id": "",
            "employee_type": "",
            "external_user_state": "",
            "fax_number": "",
            "given_name": "",
            "id": "/users/459480bc-f44e-4582-8c98-71fa3d881811",
            "im_addresses": [],
            "job_title": "",
            "mail": "",
            "mail_nickname": "student424",
            "manager_id": "",
            "mobile_phone": "",
            "object_id": "459480bc-f44e-4582-8c98-71fa3d881811",
            "office_location": "",
            "onpremises_distinguished_name": "",
            "onpremises_domain_name": "",
            "onpremises_immutable_id": "",
            "onpremises_sam_account_name": "",
            "onpremises_security_identifier": "",
            "onpremises_sync_enabled": false,
            "onpremises_user_principal_name": "",
            "other_mails": [],
            "postal_code": "",
            "preferred_language": "",
            "proxy_addresses": [],
            "show_in_address_list": false,
            "state": "",
            "street_address": "",
            "surname": "",
            "timeouts": null,
            "usage_location": "",
            "user_principal_name": "student424@mscsschool.onmicrosoft.com",
            "user_type": "Member"
          },
          "sensitive_attributes": [],
          "identity_schema_version": 0
        }
      ]
    },
    {
      "mode": "data",
      "type": "azuread_user",
      "name": "pm_user",
      "provider": "provider[\"registry.terraform.io/hashicorp/azuread\"]",
      "instances": [
        {
          "schema_version": 0,
          "attributes": {
            "account_enabled": true,
            "age_group": "",
            "business_phones": [],
            "city": "",
            "company_name": "",
            "consent_provided_for_minor": "",
            "cost_center": null,
            "country": "",
            "creation_type": "",
            "department": "",
            "display_name": "이기훈",
            "division": null,
            "employee_hire_date": "",
            "employee_id": "",
            "employee_type": "",
            "external_user_state": "",
            "fax_number": "",
            "given_name": "",
            "id": "/users/cbca0876-4730-495c-8c47-18b9c9af868a",
            "im_addresses": [],
            "job_title": "",
            "mail": "",
            "mail_nickname": "student420",
            "manager_id": "",
            "mobile_phone": "",
            "object_id": "cbca0876-4730-495c-8c47-18b9c9af868a",
            "office_location": "",
            "onpremises_distinguished_name": "",
            "onpremises_domain_name": "",
            "onpremises_immutable_id": "",
            "onpremises_sam_account_name": "",
            "onpremises_security_identifier": "",
            "onpremises_sync_enabled": false,
            "onpremises_user_principal_name": "",
            "other_mails": [],
            "postal_code": "",
            "preferred_language": "",
            "proxy_addresses": [],
            "show_in_address_list": false,
            "state": "",
            "street_address": "",
            "surname": "",
            "timeouts": null,
            "usage_location": "",
            "user_principal_name": "student420@mscsschool.onmicrosoft.com",
            "user_type": "Member"
          },
          "sensitive_attributes": [],
          "identity_schema_version": 0
        }
      ]
    },
    {
      "mode": "data",
      "type": "azuread_user",
      "name": "security_admin",
      "provider": "provider[\"registry.terraform.io/hashicorp/azuread\"]",
      "instances": [
        {
          "schema_version": 0,
          "attributes": {
            "account_enabled": true,
            "age_group": "",
            "business_phones": [],
            "city": "",
            "company_name": "",
            "consent_provided_for_minor": "",
            "cost_center": null,
            "country": "",
            "creation_type": "",
            "department": "",
            "display_name": "정현지",
            "division": null,
            "employee_hire_date": "",
            "employee_id": "",
            "employee_type": "",
            "external_user_state": "",
            "fax_number": "",
            "given_name": "",
            "id": "/users/b9d57093-411e-4141-b5a5-faf01b0edd17",
            "im_addresses": [],
            "job_title": "",
            "mail": "",
            "mail_nickname": "student426",
            "manager_id": "",
            "mobile_phone": "",
            "object_id": "b9d57093-411e-4141-b5a5-faf01b0edd17",
            "office_location": "",
            "onpremises_distinguished_name": "",
            "onpremises_domain_name": "",
            "onpremises_immutable_id": "",
            "onpremises_sam_account_name": "",
            "onpremises_security_identifier": "",
            "onpremises_sync_enabled": false,
            "onpremises_user_principal_name": "",
            "other_mails": [],
            "postal_code": "",
            "preferred_language": "",
            "proxy_addresses": [],
            "show_in_address_list": false,
            "state": "",
            "street_address": "",
            "surname": "",
            "timeouts": null,
            "usage_location": "",
            "user_principal_name": "student426@mscsschool.onmicrosoft.com",
            "user_type": "Member"
          },
          "sensitive_attributes": [],
          "identity_schema_version": 0
        }
      ]
    },
    {
      "mode": "managed",
      "type": "azurerm_resource_group",
      "name": "www_rg",
      "provider": "provider[\"registry.terraform.io/hashicorp/azurerm\"]",
      "instances": [
        {
          "schema_version": 0,
          "attributes": {
            "id": "/subscriptions/99b79efe-ebd6-468c-b39f-5669acb259e1/resourceGroups/04-t1-leegh",
            "location": "koreacentral",
            "managed_by": "",
            "name": "04-t1-leegh",
            "tags": {},
            "timeouts": null
          },
          "sensitive_attributes": [],
          "identity_schema_version": 0,
          "private": "eyJlMmJmYjczMC1lY2FhLTExZTYtOGY4OC0zNDM2M2JjN2M0YzAiOnsiY3JlYXRlIjo1NDAwMDAwMDAwMDAwLCJkZWxldGUiOjU0MDAwMDAwMDAwMDAsInJlYWQiOjMwMDAwMDAwMDAwMCwidXBkYXRlIjo1NDAwMDAwMDAwMDAwfX0="
        }
      ]
    },
    {
      "mode": "managed",
      "type": "azurerm_resource_group_policy_assignment",
      "name": "allowed_locations",
      "provider": "provider[\"registry.terraform.io/hashicorp/azurerm\"]",
      "instances": [
        {
          "schema_version": 0,
          "attributes": {
            "description": "이 정책은 리소스를 한국 리전(Central, South)에만 배포하도록 제한합니다.",
            "display_name": "허용된 리전 - 한국만 허용",
            "enforce": true,
            "id": "/subscriptions/99b79efe-ebd6-468c-b39f-5669acb259e1/resourceGroups/04-t1-leegh/providers/Microsoft.Authorization/policyAssignments/allowed-locations",
            "identity": [],
            "location": "",
            "metadata": "{\"createdBy\":\"492131b6-671b-43f1-ac1e-db6a26222569\",\"createdOn\":\"2025-11-26T05:16:46.7586999Z\",\"updatedBy\":null,\"updatedOn\":null}",
            "name": "allowed-locations",
            "non_compliance_message": [],
            "not_scopes": [],
            "overrides": [],
            "parameters": "{\"listOfAllowedLocations\":{\"value\":[\"koreacentral\",\"koreasouth\"]}}",
            "policy_definition_id": "/providers/Microsoft.Authorization/policyDefinitions/e56962a6-4747-49cd-b67b-bf8b01975c4c",
            "resource_group_id": "/subscriptions/99b79efe-ebd6-468c-b39f-5669acb259e1/resourceGroups/04-t1-leegh",
            "resource_selectors": [],
            "timeouts": null
          },
          "sensitive_attributes": [],
          "identity_schema_version": 0,
          "private": "eyJlMmJmYjczMC1lY2FhLTExZTYtOGY4OC0zNDM2M2JjN2M0YzAiOnsiY3JlYXRlIjoxODAwMDAwMDAwMDAwLCJkZWxldGUiOjE4MDAwMDAwMDAwMDAsInJlYWQiOjMwMDAwMDAwMDAwMCwidXBkYXRlIjoxODAwMDAwMDAwMDAwfX0=",
          "dependencies": [
            "azurerm_resource_group.www_rg"
          ]
        }
      ]
    },
    {
      "mode": "managed",
      "type": "azurerm_resource_group_policy_assignment",
      "name": "storage_https_only",
      "provider": "provider[\"registry.terraform.io/hashicorp/azurerm\"]",
      "instances": [
        {
          "schema_version": 0,
          "attributes": {
            "description": "Storage Account에 HTTPS를 통해서만 액세스할 수 있도록 강제합니다.",
            "display_name": "Storage Account - 보안 전송(HTTPS) 필수",
            "enforce": true,
            "id": "/subscriptions/99b79efe-ebd6-468c-b39f-5669acb259e1/resourceGroups/04-t1-leegh/providers/Microsoft.Authorization/policyAssignments/storage-https-only",
            "identity": [],
            "location": "",
            "metadata": "{\"createdBy\":\"492131b6-671b-43f1-ac1e-db6a26222569\",\"createdOn\":\"2025-11-26T05:16:46.7237054Z\",\"updatedBy\":null,\"updatedOn\":null}",
            "name": "storage-https-only",
            "non_compliance_message": [],
            "not_scopes": [],
            "overrides": [],
            "parameters": "",
            "policy_definition_id": "/providers/Microsoft.Authorization/policyDefinitions/404c3081-a854-4457-ae30-26a93ef643f9",
            "resource_group_id": "/subscriptions/99b79efe-ebd6-468c-b39f-5669acb259e1/resourceGroups/04-t1-leegh",
            "resource_selectors": [],
            "timeouts": null
          },
          "sensitive_attributes": [],
          "identity_schema_version": 0,
          "private": "eyJlMmJmYjczMC1lY2FhLTExZTYtOGY4OC0zNDM2M2JjN2M0YzAiOnsiY3JlYXRlIjoxODAwMDAwMDAwMDAwLCJkZWxldGUiOjE4MDAwMDAwMDAwMDAsInJlYWQiOjMwMDAwMDAwMDAwMCwidXBkYXRlIjoxODAwMDAwMDAwMDAwfX0=",
          "dependencies": [
            "azurerm_resource_group.www_rg"
          ]
        }
      ]
    },
    {
      "mode": "managed",
      "type": "azurerm_resource_group_policy_assignment",
      "name": "subnet_nsg_required",
      "provider": "provider[\"registry.terraform.io/hashicorp/azurerm\"]",
      "instances": [
        {
          "schema_version": 0,
          "attributes": {
            "description": "이 정책은 NSG(네트워크 보안 그룹)가 연결되지 않은 서브넷을 감사합니다.",
            "display_name": "서브넷에 NSG 필수 적용",
            "enforce": true,
            "id": "/subscriptions/99b79efe-ebd6-468c-b39f-5669acb259e1/resourceGroups/04-t1-leegh/providers/Microsoft.Authorization/policyAssignments/subnet-nsg-required",
            "identity": [],
            "location": "",
            "metadata": "{\"createdBy\":\"492131b6-671b-43f1-ac1e-db6a26222569\",\"createdOn\":\"2025-11-26T05:16:46.6428902Z\",\"updatedBy\":null,\"updatedOn\":null}",
            "name": "subnet-nsg-required",
            "non_compliance_message": [],
            "not_scopes": [],
            "overrides": [],
            "parameters": "",
            "policy_definition_id": "/providers/Microsoft.Authorization/policyDefinitions/e71308d3-144b-4262-b144-efdc3cc90517",
            "resource_group_id": "/subscriptions/99b79efe-ebd6-468c-b39f-5669acb259e1/resourceGroups/04-t1-leegh",
            "resource_selectors": [],
            "timeouts": null
          },
          "sensitive_attributes": [],
          "identity_schema_version": 0,
          "private": "eyJlMmJmYjczMC1lY2FhLTExZTYtOGY4OC0zNDM2M2JjN2M0YzAiOnsiY3JlYXRlIjoxODAwMDAwMDAwMDAwLCJkZWxldGUiOjE4MDAwMDAwMDAwMDAsInJlYWQiOjMwMDAwMDAwMDAwMCwidXBkYXRlIjoxODAwMDAwMDAwMDAwfX0=",
          "dependencies": [
            "azurerm_resource_group.www_rg"
          ]
        }
      ]
    },
    {
      "mode": "managed",
      "type": "azurerm_resource_group_policy_assignment",
      "name": "vm_managed_disk",
      "provider": "provider[\"registry.terraform.io/hashicorp/azurerm\"]",
      "instances": [
        {
          "schema_version": 0,
          "attributes": {
            "description": "이 정책은 관리 디스크(Managed Disk)를 사용하지 않는 VM을 감사합니다.",
            "display_name": "Managed Disk를 사용하지 않는 VM 감사",
            "enforce": true,
            "id": "/subscriptions/99b79efe-ebd6-468c-b39f-5669acb259e1/resourceGroups/04-t1-leegh/providers/Microsoft.Authorization/policyAssignments/vm-managed-disk",
            "identity": [],
            "location": "",
            "metadata": "{\"createdBy\":\"492131b6-671b-43f1-ac1e-db6a26222569\",\"createdOn\":\"2025-11-26T05:16:46.7493512Z\",\"updatedBy\":null,\"updatedOn\":null}",
            "name": "vm-managed-disk",
            "non_compliance_message": [],
            "not_scopes": [],
            "overrides": [],
            "parameters": "",
            "policy_definition_id": "/providers/Microsoft.Authorization/policyDefinitions/06a78e20-9358-41c9-923c-fb736d382a4d",
            "resource_group_id": "/subscriptions/99b79efe-ebd6-468c-b39f-5669acb259e1/resourceGroups/04-t1-leegh",
            "resource_selectors": [],
            "timeouts": null
          },
          "sensitive_attributes": [],
          "identity_schema_version": 0,
          "private": "eyJlMmJmYjczMC1lY2FhLTExZTYtOGY4OC0zNDM2M2JjN2M0YzAiOnsiY3JlYXRlIjoxODAwMDAwMDAwMDAwLCJkZWxldGUiOjE4MDAwMDAwMDAwMDAsInJlYWQiOjMwMDAwMDAwMDAwMCwidXBkYXRlIjoxODAwMDAwMDAwMDAwfX0=",
          "dependencies": [
            "azurerm_resource_group.www_rg"
          ]
        }
      ]
    },
    {
      "mode": "managed",
      "type": "azurerm_role_assignment",
      "name": "compute_role",
      "provider": "provider[\"registry.terraform.io/hashicorp/azurerm\"]",
      "instances": [
        {
          "schema_version": 0,
          "attributes": {
            "condition": "",
            "condition_version": "",
            "delegated_managed_identity_resource_id": "",
            "description": "",
            "id": "/subscriptions/99b79efe-ebd6-468c-b39f-5669acb259e1/resourceGroups/04-t1-leegh/providers/Microsoft.Authorization/roleAssignments/29945a55-85e8-de38-9887-af633f9940cb",
            "name": "29945a55-85e8-de38-9887-af633f9940cb",
            "principal_id": "5a54cace-68ce-40f1-b485-b32a226e50e5",
            "principal_type": "User",
            "role_definition_id": "/subscriptions/99b79efe-ebd6-468c-b39f-5669acb259e1/providers/Microsoft.Authorization/roleDefinitions/9980e02c-c2be-4d73-94e8-173b1dc7cf3c",
            "role_definition_name": "Virtual Machine Contributor",
            "scope": "/subscriptions/99b79efe-ebd6-468c-b39f-5669acb259e1/resourceGroups/04-t1-leegh",
            "skip_service_principal_aad_check": null,
            "timeouts": null
          },
          "sensitive_attributes": [],
          "identity_schema_version": 0,
          "private": "eyJlMmJmYjczMC1lY2FhLTExZTYtOGY4OC0zNDM2M2JjN2M0YzAiOnsiY3JlYXRlIjoxODAwMDAwMDAwMDAwLCJkZWxldGUiOjE4MDAwMDAwMDAwMDAsInJlYWQiOjMwMDAwMDAwMDAwMH19",
          "dependencies": [
            "azurerm_resource_group.www_rg",
            "data.azuread_user.compute_admin"
          ]
        }
      ]
    },
    {
      "mode": "managed",
      "type": "azurerm_role_assignment",
      "name": "db_role",
      "provider": "provider[\"registry.terraform.io/hashicorp/azurerm\"]",
      "instances": [
        {
          "schema_version": 0,
          "attributes": {
            "condition": "",
            "condition_version": "",
            "delegated_managed_identity_resource_id": "",
            "description": "",
            "id": "/subscriptions/99b79efe-ebd6-468c-b39f-5669acb259e1/resourceGroups/04-t1-leegh/providers/Microsoft.Authorization/roleAssignments/ffa20958-4168-a2b7-5b54-56d826924683",
            "name": "ffa20958-4168-a2b7-5b54-56d826924683",
            "principal_id": "492131b6-671b-43f1-ac1e-db6a26222569",
            "principal_type": "User",
            "role_definition_id": "/subscriptions/99b79efe-ebd6-468c-b39f-5669acb259e1/providers/Microsoft.Authorization/roleDefinitions/b24988ac-6180-42a0-ab88-20f7382dd24c",
            "role_definition_name": "Contributor",
            "scope": "/subscriptions/99b79efe-ebd6-468c-b39f-5669acb259e1/resourceGroups/04-t1-leegh",
            "skip_service_principal_aad_check": null,
            "timeouts": null
          },
          "sensitive_attributes": [],
          "identity_schema_version": 0,
          "private": "eyJlMmJmYjczMC1lY2FhLTExZTYtOGY4OC0zNDM2M2JjN2M0YzAiOnsiY3JlYXRlIjoxODAwMDAwMDAwMDAwLCJkZWxldGUiOjE4MDAwMDAwMDAwMDAsInJlYWQiOjMwMDAwMDAwMDAwMH19",
          "dependencies": [
            "azurerm_resource_group.www_rg",
            "data.azuread_user.db_admin"
          ]
        }
      ]
    },
    {
      "mode": "managed",
      "type": "azurerm_role_assignment",
      "name": "network_role",
      "provider": "provider[\"registry.terraform.io/hashicorp/azurerm\"]",
      "instances": [
        {
          "schema_version": 0,
          "attributes": {
            "condition": "",
            "condition_version": "",
            "delegated_managed_identity_resource_id": "",
            "description": "",
            "id": "/subscriptions/99b79efe-ebd6-468c-b39f-5669acb259e1/resourceGroups/04-t1-leegh/providers/Microsoft.Authorization/roleAssignments/730d2b59-b995-7fb0-e717-ebd259673705",
            "name": "730d2b59-b995-7fb0-e717-ebd259673705",
            "principal_id": "459480bc-f44e-4582-8c98-71fa3d881811",
            "principal_type": "User",
            "role_definition_id": "/subscriptions/99b79efe-ebd6-468c-b39f-5669acb259e1/providers/Microsoft.Authorization/roleDefinitions/4d97b98b-1d4f-4787-a291-c67834d212e7",
            "role_definition_name": "Network Contributor",
            "scope": "/subscriptions/99b79efe-ebd6-468c-b39f-5669acb259e1/resourceGroups/04-t1-leegh",
            "skip_service_principal_aad_check": null,
            "timeouts": null
          },
          "sensitive_attributes": [],
          "identity_schema_version": 0,
          "private": "eyJlMmJmYjczMC1lY2FhLTExZTYtOGY4OC0zNDM2M2JjN2M0YzAiOnsiY3JlYXRlIjoxODAwMDAwMDAwMDAwLCJkZWxldGUiOjE4MDAwMDAwMDAwMDAsInJlYWQiOjMwMDAwMDAwMDAwMH19",
          "dependencies": [
            "azurerm_resource_group.www_rg",
            "data.azuread_user.network_admin"
          ]
        }
      ]
    },
    {
      "mode": "managed",
      "type": "azurerm_role_assignment",
      "name": "pm_role",
      "provider": "provider[\"registry.terraform.io/hashicorp/azurerm\"]",
      "instances": [
        {
          "schema_version": 0,
          "attributes": {
            "condition": "",
            "condition_version": "",
            "delegated_managed_identity_resource_id": "",
            "description": "",
            "id": "/subscriptions/99b79efe-ebd6-468c-b39f-5669acb259e1/resourceGroups/04-t1-leegh/providers/Microsoft.Authorization/roleAssignments/431cc16f-c80f-53eb-5a15-7c5fd2cdfaa5",
            "name": "431cc16f-c80f-53eb-5a15-7c5fd2cdfaa5",
            "principal_id": "cbca0876-4730-495c-8c47-18b9c9af868a",
            "principal_type": "User",
            "role_definition_id": "/subscriptions/99b79efe-ebd6-468c-b39f-5669acb259e1/providers/Microsoft.Authorization/roleDefinitions/8e3af657-a8ff-443c-a75c-2fe8c4bcb635",
            "role_definition_name": "Owner",
            "scope": "/subscriptions/99b79efe-ebd6-468c-b39f-5669acb259e1/resourceGroups/04-t1-leegh",
            "skip_service_principal_aad_check": null,
            "timeouts": null
          },
          "sensitive_attributes": [],
          "identity_schema_version": 0,
          "private": "eyJlMmJmYjczMC1lY2FhLTExZTYtOGY4OC0zNDM2M2JjN2M0YzAiOnsiY3JlYXRlIjoxODAwMDAwMDAwMDAwLCJkZWxldGUiOjE4MDAwMDAwMDAwMDAsInJlYWQiOjMwMDAwMDAwMDAwMH19",
          "dependencies": [
            "azurerm_resource_group.www_rg",
            "data.azuread_user.pm_user"
          ]
        }
      ]
    },
    {
      "mode": "managed",
      "type": "azurerm_role_assignment",
      "name": "security_role",
      "provider": "provider[\"registry.terraform.io/hashicorp/azurerm\"]",
      "instances": [
        {
          "schema_version": 0,
          "attributes": {
            "condition": "",
            "condition_version": "",
            "delegated_managed_identity_resource_id": "",
            "description": "",
            "id": "/subscriptions/99b79efe-ebd6-468c-b39f-5669acb259e1/resourceGroups/04-t1-leegh/providers/Microsoft.Authorization/roleAssignments/a758a57f-e060-ab0e-9d5d-cbe9bb3dbc16",
            "name": "a758a57f-e060-ab0e-9d5d-cbe9bb3dbc16",
            "principal_id": "b9d57093-411e-4141-b5a5-faf01b0edd17",
            "principal_type": "User",
            "role_definition_id": "/subscriptions/99b79efe-ebd6-468c-b39f-5669acb259e1/providers/Microsoft.Authorization/roleDefinitions/fb1c8493-542b-48eb-b624-b4c8fea62acd",
            "role_definition_name": "Security Admin",
            "scope": "/subscriptions/99b79efe-ebd6-468c-b39f-5669acb259e1/resourceGroups/04-t1-leegh",
            "skip_service_principal_aad_check": null,
            "timeouts": null
          },
          "sensitive_attributes": [],
          "identity_schema_version": 0,
          "private": "eyJlMmJmYjczMC1lY2FhLTExZTYtOGY4OC0zNDM2M2JjN2M0YzAiOnsiY3JlYXRlIjoxODAwMDAwMDAwMDAwLCJkZWxldGUiOjE4MDAwMDAwMDAwMDAsInJlYWQiOjMwMDAwMDAwMDAwMH19",
          "dependencies": [
            "azurerm_resource_group.www_rg",
            "data.azuread_user.security_admin"
          ]
        }
      ]
    },
    {
      "module": "module.compute",
      "mode": "managed",
      "type": "azurerm_image",
      "name": "www_image",
      "provider": "provider[\"registry.terraform.io/hashicorp/azurerm\"]",
      "instances": [
        {
          "schema_version": 0,
          "attributes": {
            "data_disk": [],
            "hyper_v_generation": "V2",
            "id": "/subscriptions/99b79efe-ebd6-468c-b39f-5669acb259e1/resourceGroups/04-t1-leegh/providers/Microsoft.Compute/images/www-image",
            "location": "koreacentral",
            "name": "www-image",
            "os_disk": [
              {
                "blob_uri": "",
                "caching": "ReadWrite",
                "disk_encryption_set_id": "",
                "managed_disk_id": "/subscriptions/99b79efe-ebd6-468c-b39f-5669acb259e1/resourceGroups/04-t1-leegh/providers/Microsoft.Compute/disks/www-disk",
                "os_state": "Generalized",
                "os_type": "Linux",
                "size_gb": 10,
                "storage_type": "StandardSSD_LRS"
              }
            ],
            "resource_group_name": "04-t1-leegh",
            "source_virtual_machine_id": null,
            "tags": null,
            "timeouts": null,
            "zone_resilient": false
          },
          "sensitive_attributes": [],
          "identity_schema_version": 0,
          "private": "eyJlMmJmYjczMC1lY2FhLTExZTYtOGY4OC0zNDM2M2JjN2M0YzAiOnsiY3JlYXRlIjo1NDAwMDAwMDAwMDAwLCJkZWxldGUiOjU0MDAwMDAwMDAwMDAsInJlYWQiOjMwMDAwMDAwMDAwMCwidXBkYXRlIjo1NDAwMDAwMDAwMDAwfX0=",
          "dependencies": [
            "module.compute.azurerm_linux_virtual_machine.www_web2vm",
            "module.compute.azurerm_managed_disk.www_disk",
            "module.compute.null_resource.www_web2_deallocate",
            "module.network.azurerm_network_interface.www_bas_nic",
            "module.network.azurerm_network_interface.www_db_nic",
            "module.network.azurerm_network_interface.www_web1_nic",
            "module.network.azurerm_network_interface.www_web1_v1_nic",
            "module.network.azurerm_network_interface.www_web2_nic",
            "module.network.azurerm_network_interface.www_web2_v1_nic",
            "module.network.azurerm_public_ip.www_basip",
            "module.network.azurerm_subnet.www_bas",
            "module.network.azurerm_subnet.www_db",
            "module.network.azurerm_subnet.www_web1",
            "module.network.azurerm_subnet.www_web1_v1",
            "module.network.azurerm_subnet.www_web2",
            "module.network.azurerm_subnet.www_web2_v1",
            "module.network.azurerm_virtual_network.www_vnet0",
            "module.network.azurerm_virtual_network.www_vnet1"
          ]
        }
      ]
    },
    {
      "module": "module.compute",
      "mode": "managed",
      "type": "azurerm_linux_virtual_machine",
      "name": "www_basvm",
      "provider": "provider[\"registry.terraform.io/hashicorp/azurerm\"]",
      "instances": [
        {
          "schema_version": 0,
          "attributes": {
            "additional_capabilities": [],
            "admin_password": null,
            "admin_ssh_key": [
              {
                "public_key": "ssh-ed25519 AAAAC3NzaC1lZDI1NTE5AAAAIPQMz6pXp11KhT0hWvtjhfnWCxvVEauRhw7dTgunou4M \r\n",
                "username": "www"
              }
            ],
            "admin_username": "www",
            "allow_extension_operations": true,
            "availability_set_id": "",
            "boot_diagnostics": [
              {
                "storage_account_uri": ""
              }
            ],
            "bypass_platform_safety_checks_on_user_schedule_enabled": false,
            "capacity_reservation_group_id": "",
            "computer_name": "leegh-basvm",
            "custom_data": null,
            "dedicated_host_group_id": "",
            "dedicated_host_id": "",
            "disable_password_authentication": true,
            "disk_controller_type": "SCSI",
            "edge_zone": "",
            "encryption_at_host_enabled": false,
            "eviction_policy": "",
            "extensions_time_budget": "PT1H30M",
            "gallery_application": [],
            "id": "/subscriptions/99b79efe-ebd6-468c-b39f-5669acb259e1/resourceGroups/04-t1-leegh/providers/Microsoft.Compute/virtualMachines/leegh-basvm",
            "identity": [
              {
                "identity_ids": [],
                "principal_id": "785db0b6-4275-442a-8702-163507103daa",
                "tenant_id": "548e9ef4-b1d5-48fa-b220-59f52d6db511",
                "type": "SystemAssigned"
              }
            ],
            "license_type": "",
            "location": "koreacentral",
            "max_bid_price": -1,
            "name": "leegh-basvm",
            "network_interface_ids": [
              "/subscriptions/99b79efe-ebd6-468c-b39f-5669acb259e1/resourceGroups/04-t1-leegh/providers/Microsoft.Network/networkInterfaces/leegh-bas-nic"
            ],
            "os_disk": [
              {
                "caching": "ReadWrite",
                "diff_disk_settings": [],
                "disk_encryption_set_id": "",
                "disk_size_gb": 10,
                "id": "/subscriptions/99b79efe-ebd6-468c-b39f-5669acb259e1/resourceGroups/04-t1-leegh/providers/Microsoft.Compute/disks/leegh-basvm_disk1_1c2e3189944d431d971a1301bd384959",
                "name": "leegh-basvm_disk1_1c2e3189944d431d971a1301bd384959",
                "secure_vm_disk_encryption_set_id": "",
                "security_encryption_type": "",
                "storage_account_type": "Standard_LRS",
                "write_accelerator_enabled": false
              }
            ],
            "os_image_notification": [],
            "os_managed_disk_id": "/subscriptions/99b79efe-ebd6-468c-b39f-5669acb259e1/resourceGroups/04-t1-leegh/providers/Microsoft.Compute/disks/leegh-basvm_disk1_1c2e3189944d431d971a1301bd384959",
            "patch_assessment_mode": "ImageDefault",
            "patch_mode": "ImageDefault",
            "plan": [
              {
                "name": "9-lvm",
                "product": "rockylinux-x86_64",
                "publisher": "resf"
              }
            ],
            "platform_fault_domain": -1,
            "priority": "Regular",
            "private_ip_address": "10.0.0.4",
            "private_ip_addresses": [
              "10.0.0.4"
            ],
            "provision_vm_agent": true,
            "proximity_placement_group_id": "",
            "public_ip_address": "20.194.102.216",
            "public_ip_addresses": [
              "20.194.102.216"
            ],
            "reboot_setting": "",
            "resource_group_name": "04-t1-leegh",
            "secret": [],
            "secure_boot_enabled": false,
            "size": "Standard_B1s",
            "source_image_id": "",
            "source_image_reference": [
              {
                "offer": "rockylinux-x86_64",
                "publisher": "resf",
                "sku": "9-lvm",
                "version": "9.3.20231113"
              }
            ],
            "tags": null,
            "termination_notification": null,
            "timeouts": null,
            "user_data": "IyEgL2Jpbi9iYXNoDQojIFNTSCDtgqQg7ISk7KCVIOyKpO2BrOumve2KuA0KIyBCYXN0aW9uIO2YuOyKpO2KuCDrk7Hsl5DshJwg64K067aAIOyEnOuyhCDsoJHsho3snYQg7JyE7ZWcIFByaXZhdGUgS2V5IOyEpOyglQ0KDQpzZXRlbmZvcmNlIDANCmdydWJieSAtLXVwZGF0ZS1rZXJuZWwgQUxMIC1hcmdzIHNlbGludXg9MA0KZWNobyAtZSAiLS0tLS1CRUdJTiBPUEVOU1NIIFBSSVZBVEUgS0VZLS0tLS0NCmIzQmxibk56YUMxclpYa3RkakVBQUFBQUJHNXZibVVBQUFBRWJtOXVaUUFBQUFBQUFBQUJBQUFBTXdBQUFBdHpjMmd0WlcNClF5TlRVeE9RQUFBQ0QwRE0rcVY2ZGRTb1U5SVZyN1k0WDUxZ3NiMVJHcmtZY08zVTRMcDZMdURBQUFBSmplOC82MzN2UCsNCnR3QUFBQXR6YzJndFpXUXlOVFV4T1FBQUFDRDBETStxVjZkZFNvVTlJVnI3WTRYNTFnc2IxUkdya1ljTzNVNExwNkx1REENCkFBQUVBWTRIUVhUNjNYYVJzcUZ3a0gzWFFZcGc3WlUvTDRwbDZRMDlMTVRRZmE3ZlFNejZwWHAxMUtoVDBoV3Z0amhmblcNCkN4dlZFYXVSaHc3ZFRndW5vdTRNQUFBQUVHZG5hbWN6TTBCbmJXRnBiQzVqYjIwQkFnTUVCUT09DQotLS0tLUVORCBPUEVOU1NIIFBSSVZBVEUgS0VZLS0tLS0iID4gL2hvbWUvd3d3Ly5zc2gvaWRfZWQyNTUxOQ0KY2hvd24gd3d3Lnd3dyAvaG9tZS93d3cvLnNzaC9pZF9lZDI1NTE5DQpjaG1vZCA2MDAgL2hvbWUvd3d3Ly5zc2gvaWRfZWQyNTUxOSMhIC9iaW4vYmFzaA0KIyBCYXN0aW9uIO2YuOyKpO2KuCDshKTsoJUg7Iqk7YGs66a97Yq4DQojIFNFTGludXgg67mE7Zmc7ISx7ZmUIOuwjyBNeVNRTCDtgbTrnbzsnbTslrjtirgsIEx5bngg7ISk7LmYDQpzZXRlbmZvcmNlIDANCmdydWJieSAtLXVwZGF0ZS1rZXJuZWwgQUxMIC0tYXJncw0Kc2VsaW51eD0wDQpkbmYgaW5zdGFsbCAteSBteXNxbCBseW54",
            "virtual_machine_id": "c85590c3-1ac0-459d-a646-ecae2ceba3bd",
            "virtual_machine_scale_set_id": "",
            "vm_agent_platform_updates_enabled": false,
            "vtpm_enabled": false,
            "zone": ""
          },
          "sensitive_attributes": [
            [
              {
                "type": "get_attr",
                "value": "admin_password"
              }
            ],
            [
              {
                "type": "get_attr",
                "value": "custom_data"
              }
            ]
          ],
          "identity_schema_version": 0,
          "private": "eyJlMmJmYjczMC1lY2FhLTExZTYtOGY4OC0zNDM2M2JjN2M0YzAiOnsiY3JlYXRlIjoyNzAwMDAwMDAwMDAwLCJkZWxldGUiOjI3MDAwMDAwMDAwMDAsInJlYWQiOjMwMDAwMDAwMDAwMCwidXBkYXRlIjoyNzAwMDAwMDAwMDAwfX0=",
          "dependencies": [
            "module.network.azurerm_network_interface.www_bas_nic",
            "module.network.azurerm_network_interface.www_db_nic",
            "module.network.azurerm_network_interface.www_web1_nic",
            "module.network.azurerm_network_interface.www_web1_v1_nic",
            "module.network.azurerm_network_interface.www_web2_nic",
            "module.network.azurerm_network_interface.www_web2_v1_nic",
            "module.network.azurerm_public_ip.www_basip",
            "module.network.azurerm_subnet.www_bas",
            "module.network.azurerm_subnet.www_db",
            "module.network.azurerm_subnet.www_web1",
            "module.network.azurerm_subnet.www_web1_v1",
            "module.network.azurerm_subnet.www_web2",
            "module.network.azurerm_subnet.www_web2_v1",
            "module.network.azurerm_virtual_network.www_vnet0",
            "module.network.azurerm_virtual_network.www_vnet1"
          ]
        }
      ]
    },
    {
      "module": "module.compute",
      "mode": "managed",
      "type": "azurerm_linux_virtual_machine",
      "name": "www_dbvm",
      "provider": "provider[\"registry.terraform.io/hashicorp/azurerm\"]",
      "instances": [
        {
          "schema_version": 0,
          "attributes": {
            "additional_capabilities": [],
            "admin_password": null,
            "admin_ssh_key": [
              {
                "public_key": "ssh-ed25519 AAAAC3NzaC1lZDI1NTE5AAAAIPQMz6pXp11KhT0hWvtjhfnWCxvVEauRhw7dTgunou4M \r\n",
                "username": "www"
              }
            ],
            "admin_username": "www",
            "allow_extension_operations": true,
            "availability_set_id": "",
            "boot_diagnostics": [
              {
                "storage_account_uri": ""
              }
            ],
            "bypass_platform_safety_checks_on_user_schedule_enabled": false,
            "capacity_reservation_group_id": "",
            "computer_name": "leegh-dbvm",
            "custom_data": null,
            "dedicated_host_group_id": "",
            "dedicated_host_id": "",
            "disable_password_authentication": true,
            "disk_controller_type": "SCSI",
            "edge_zone": "",
            "encryption_at_host_enabled": false,
            "eviction_policy": "",
            "extensions_time_budget": "PT1H30M",
            "gallery_application": [],
            "id": "/subscriptions/99b79efe-ebd6-468c-b39f-5669acb259e1/resourceGroups/04-t1-leegh/providers/Microsoft.Compute/virtualMachines/leegh-dbvm",
            "identity": [
              {
                "identity_ids": [],
                "principal_id": "6a90db66-5b20-4a7a-8ac8-393bc8e5c9cd",
                "tenant_id": "548e9ef4-b1d5-48fa-b220-59f52d6db511",
                "type": "SystemAssigned"
              }
            ],
            "license_type": "",
            "location": "koreacentral",
            "max_bid_price": -1,
            "name": "leegh-dbvm",
            "network_interface_ids": [
              "/subscriptions/99b79efe-ebd6-468c-b39f-5669acb259e1/resourceGroups/04-t1-leegh/providers/Microsoft.Network/networkInterfaces/leeghdb-nic"
            ],
            "os_disk": [
              {
                "caching": "ReadWrite",
                "diff_disk_settings": [],
                "disk_encryption_set_id": "",
                "disk_size_gb": 10,
                "id": "/subscriptions/99b79efe-ebd6-468c-b39f-5669acb259e1/resourceGroups/04-t1-leegh/providers/Microsoft.Compute/disks/leegh-dbvm_OsDisk_1_ca5ae5bf68fd4d4a86e2e7ede7dc38ae",
                "name": "leegh-dbvm_OsDisk_1_ca5ae5bf68fd4d4a86e2e7ede7dc38ae",
                "secure_vm_disk_encryption_set_id": "",
                "security_encryption_type": "",
                "storage_account_type": "Standard_LRS",
                "write_accelerator_enabled": false
              }
            ],
            "os_image_notification": [],
            "os_managed_disk_id": "/subscriptions/99b79efe-ebd6-468c-b39f-5669acb259e1/resourceGroups/04-t1-leegh/providers/Microsoft.Compute/disks/leegh-dbvm_OsDisk_1_ca5ae5bf68fd4d4a86e2e7ede7dc38ae",
            "patch_assessment_mode": "ImageDefault",
            "patch_mode": "ImageDefault",
            "plan": [
              {
                "name": "9-lvm",
                "product": "rockylinux-x86_64",
                "publisher": "resf"
              }
            ],
            "platform_fault_domain": -1,
            "priority": "Regular",
            "private_ip_address": "10.0.4.5",
            "private_ip_addresses": [
              "10.0.4.5"
            ],
            "provision_vm_agent": true,
            "proximity_placement_group_id": "",
            "public_ip_address": "",
            "public_ip_addresses": [],
            "reboot_setting": "",
            "resource_group_name": "04-t1-leegh",
            "secret": [],
            "secure_boot_enabled": false,
            "size": "Standard_B4as_v2",
            "source_image_id": "",
            "source_image_reference": [
              {
                "offer": "rockylinux-x86_64",
                "publisher": "resf",
                "sku": "9-lvm",
                "version": "9.3.20231113"
              }
            ],
            "tags": null,
            "termination_notification": null,
            "timeouts": null,
            "user_data": "IyEgL2Jpbi9iYXNoDQojIERCIOyEnOuyhCDshKTsoJUg7Iqk7YGs66a97Yq4IChWTeyaqSkNCiMgTXlTUUwg7ISc67KEIOyEpOy5mCDrsI8g7LSI6riwIOuNsOydtO2EsOuyoOydtOyKpC/sgqzsmqnsnpAg7IOd7ISxDQpzZXRlbmZvcmNlIDANCmdydWJieSAtLXVwZGF0ZS1rZXJuZWwgQUxMIC0tYXJncyBzZWxpbnV4PTANCmRuZiBpbnN0YWxsIC15IG15c3FsLXNlcnZlcg0Kc3lzdGVtY3RsIGVuYWJsZSAtLW5vdyBteXNxbGQNCm15c3FsIC11cm9vdCAtZSAiQ1JFQVRFIFVTRVIgJ3d3dydAJyUnIElERU5USUZJRUQgQlkgJ0l0MTIzNDUhJzsgR1JBTlQgQUxMIFBSSVZJTEVHRVMgT04gKi4qIFRPICd3d3cnQCclJzsgQ1JFQVRFIERBVEFCQVNFIHdvcmRwcmVzczsiDQoNCg==",
            "virtual_machine_id": "b1500da6-8980-418f-a794-6b56238a4213",
            "virtual_machine_scale_set_id": "",
            "vm_agent_platform_updates_enabled": false,
            "vtpm_enabled": false,
            "zone": ""
          },
          "sensitive_attributes": [
            [
              {
                "type": "get_attr",
                "value": "admin_password"
              }
            ],
            [
              {
                "type": "get_attr",
                "value": "custom_data"
              }
            ]
          ],
          "identity_schema_version": 0,
          "private": "eyJlMmJmYjczMC1lY2FhLTExZTYtOGY4OC0zNDM2M2JjN2M0YzAiOnsiY3JlYXRlIjoyNzAwMDAwMDAwMDAwLCJkZWxldGUiOjI3MDAwMDAwMDAwMDAsInJlYWQiOjMwMDAwMDAwMDAwMCwidXBkYXRlIjoyNzAwMDAwMDAwMDAwfX0=",
          "dependencies": [
            "module.network.azurerm_network_interface.www_bas_nic",
            "module.network.azurerm_network_interface.www_db_nic",
            "module.network.azurerm_network_interface.www_web1_nic",
            "module.network.azurerm_network_interface.www_web1_v1_nic",
            "module.network.azurerm_network_interface.www_web2_nic",
            "module.network.azurerm_network_interface.www_web2_v1_nic",
            "module.network.azurerm_public_ip.www_basip",
            "module.network.azurerm_subnet.www_bas",
            "module.network.azurerm_subnet.www_db",
            "module.network.azurerm_subnet.www_web1",
            "module.network.azurerm_subnet.www_web1_v1",
            "module.network.azurerm_subnet.www_web2",
            "module.network.azurerm_subnet.www_web2_v1",
            "module.network.azurerm_virtual_network.www_vnet0",
            "module.network.azurerm_virtual_network.www_vnet1"
          ]
        }
      ]
    },
    {
      "module": "module.compute",
      "mode": "managed",
      "type": "azurerm_linux_virtual_machine",
      "name": "www_vnet1_web1vm",
      "provider": "provider[\"registry.terraform.io/hashicorp/azurerm\"]",
      "instances": [
        {
          "schema_version": 0,
          "attributes": {
            "additional_capabilities": [],
            "admin_password": null,
            "admin_ssh_key": [
              {
                "public_key": "ssh-ed25519 AAAAC3NzaC1lZDI1NTE5AAAAIPQMz6pXp11KhT0hWvtjhfnWCxvVEauRhw7dTgunou4M \r\n",
                "username": "www"
              }
            ],
            "admin_username": "www",
            "allow_extension_operations": true,
            "availability_set_id": "",
            "boot_diagnostics": [
              {
                "storage_account_uri": ""
              }
            ],
            "bypass_platform_safety_checks_on_user_schedule_enabled": false,
            "capacity_reservation_group_id": "",
            "computer_name": "leegh-vnet1-web1vm",
            "custom_data": null,
            "dedicated_host_group_id": "",
            "dedicated_host_id": "",
            "disable_password_authentication": true,
            "disk_controller_type": "SCSI",
            "edge_zone": "",
            "encryption_at_host_enabled": false,
            "eviction_policy": "",
            "extensions_time_budget": "PT1H30M",
            "gallery_application": [],
            "id": "/subscriptions/99b79efe-ebd6-468c-b39f-5669acb259e1/resourceGroups/04-t1-leegh/providers/Microsoft.Compute/virtualMachines/leegh-vnet1-web1vm",
            "identity": [
              {
                "identity_ids": [],
                "principal_id": "100e46b3-e826-41ac-8cdd-3548c69debac",
                "tenant_id": "548e9ef4-b1d5-48fa-b220-59f52d6db511",
                "type": "SystemAssigned"
              }
            ],
            "license_type": "",
            "location": "koreasouth",
            "max_bid_price": -1,
            "name": "leegh-vnet1-web1vm",
            "network_interface_ids": [
              "/subscriptions/99b79efe-ebd6-468c-b39f-5669acb259e1/resourceGroups/04-t1-leegh/providers/Microsoft.Network/networkInterfaces/leeghweb1-v1-nic"
            ],
            "os_disk": [
              {
                "caching": "ReadWrite",
                "diff_disk_settings": [],
                "disk_encryption_set_id": "",
                "disk_size_gb": 10,
                "id": "/subscriptions/99b79efe-ebd6-468c-b39f-5669acb259e1/resourceGroups/04-t1-leegh/providers/Microsoft.Compute/disks/leegh-vnet1-web1vm_OsDisk_1_9590d603595844659637cb5a2b4c645f",
                "name": "leegh-vnet1-web1vm_OsDisk_1_9590d603595844659637cb5a2b4c645f",
                "secure_vm_disk_encryption_set_id": "",
                "security_encryption_type": "",
                "storage_account_type": "Standard_LRS",
                "write_accelerator_enabled": false
              }
            ],
            "os_image_notification": [],
            "os_managed_disk_id": "/subscriptions/99b79efe-ebd6-468c-b39f-5669acb259e1/resourceGroups/04-t1-leegh/providers/Microsoft.Compute/disks/leegh-vnet1-web1vm_OsDisk_1_9590d603595844659637cb5a2b4c645f",
            "patch_assessment_mode": "ImageDefault",
            "patch_mode": "ImageDefault",
            "plan": [
              {
                "name": "9-lvm",
                "product": "rockylinux-x86_64",
                "publisher": "resf"
              }
            ],
            "platform_fault_domain": -1,
            "priority": "Regular",
            "private_ip_address": "192.168.3.4",
            "private_ip_addresses": [
              "192.168.3.4"
            ],
            "provision_vm_agent": true,
            "proximity_placement_group_id": "",
            "public_ip_address": "",
            "public_ip_addresses": [],
            "reboot_setting": "",
            "resource_group_name": "04-t1-leegh",
            "secret": [],
            "secure_boot_enabled": false,
            "size": "Standard_B4as_v2",
            "source_image_id": "",
            "source_image_reference": [
              {
                "offer": "rockylinux-x86_64",
                "publisher": "resf",
                "sku": "9-lvm",
                "version": "9.3.20231113"
              }
            ],
            "tags": null,
            "termination_notification": null,
            "timeouts": null,
            "user_data": "IyEgL2Jpbi9iYXNoDQojIOybuSDshJzrsoQg7ISk7KCVIOyKpO2BrOumve2KuCAo64uo7J28IFZN7JqpKQ0KIyBBcGFjaGUsIFBIUCwgV29yZFByZXNzIOyEpOy5mCDrsI8g7ISk7KCVDQpzZXRlbmZvcmNlIDANCmdydWJieSAtLXVwZGF0ZS1rZXJuZWwgQUxMIC0tYXJncyBzZWxpbnV4PTANCmRuZiBpbnN0YWxsIC15IHdnZXQgaHR0cGQgcGhwIHBocC1nZCBwaHAtb3BjYWNoZSBwaHAtbXlzcWxuZA0Kd2dldCBodHRwczovL2tvLndvcmRwcmVzcy5vcmcvd29yZHByZXNzLTYuOC4zLWtvX0tSLnRhci5neg0KdGFyIHh2Znogd29yZHByZXNzLTYuOC4zLWtvX0tSLnRhci5neg0KY3AgLWFyIHdvcmRwcmVzcy8qIC92YXIvd3d3L2h0bWwNCnNlZCAtaSAncy9EaXJlY3RvcnlJbmRleCBpbmRleC5odG1sL0RpcmVjdG9yeUluZGV4IGluZGV4LnBocC9nJyAvZXRjL2h0dHBkL2NvbmYvaHR0cGQuY29uZg0KY3AgL3Zhci93d3cvaHRtbC93cC1jb25maWctc2FtcGxlLnBocCAvdmFyL3d3dy9odG1sL3dwLWNvbmZpZy5waHANCnNlZCAtaSAncy9kYXRhYmFzZV9uYW1lX2hlcmUvd29yZHByZXNzL2cnIC92YXIvd3d3L2h0bWwvd3AtY29uZmlnLnBocA0Kc2VkIC1pICdzL3VzZXJuYW1lX2hlcmUvaHliL2cnIC92YXIvd3d3L2h0bWwvd3AtY29uZmlnLnBocA0Kc2VkIC1pICdzL3Bhc3N3b3JkX2hlcmUvSXQxMjM0NSEvZycgL3Zhci93d3cvaHRtbC93cC1jb25maWcucGhwDQpzZWQgLWkgJ3MvbG9jYWxob3N0LzEwLjAuNS40L2cnIC92YXIvd3d3L2h0bWwvd3AtY29uZmlnLnBocA0KZWNobyAkSE9TVE5BTUUgPiAvdmFyL3d3dy9odG1sL2hlYWx0aC5odG1sDQpzeXN0ZW1jdGwgZW5hYmxlIC0tbm93IGh0dHBkDQoNCg0KDQojIO2ZiO2OmOydtOyngCDstpTqsIANClNFUlZFUl9IT1NUTkFNRT0kKGhvc3RuYW1lKQ0KY2F0IDw8RU9GID4gL3Zhci93d3cvaHRtbC9pbmRleC5odG1sDQo8IURPQ1RZUEUgaHRtbD4NCjxodG1sIGxhbmc9ImtvIj4NCjxoZWFkPg0KICAgIDxtZXRhIGNoYXJzZXQ9IlVURi04Ij4NCiAgICA8bWV0YSBuYW1lPSJ2aWV3cG9ydCIgY29udGVudD0id2lkdGg9ZGV2aWNlLXdpZHRoLCBpbml0aWFsLXNjYWxlPTEuMCI+DQogICAgPHRpdGxlPlRFQU1fMSDtmYjtjpjsnbTsp4A8L3RpdGxlPg0KICAgIDxzdHlsZT4NCiAgICAgICAgLyog7KCE7LK0IOq4sOuzuCDsiqTtg4DsnbwgKi8NCiAgICAgICAgYm9keSB7DQogICAgICAgICAgICBmb250LWZhbWlseTogQXJpYWwsIHNhbnMtc2VyaWY7DQogICAgICAgICAgICBtYXJnaW46IDA7DQogICAgICAgICAgICBwYWRkaW5nOiAwOw0KICAgICAgICAgICAgbGluZS1oZWlnaHQ6IDEuNjsNCiAgICAgICAgICAgIGNvbG9yOiAjMjIyOw0KICAgICAgICAgICAgLyogKipb67OA6rK965CoXSoqIGJvZHkg67Cw6rK97IOJ7J2EIO2dsOyDieycvOuhnCDqs6DsoJUgKENTU+yXkOyEnCDsp4HsoJEg7ISk7KCVKSAqLw0KICAgICAgICAgICAgYmFja2dyb3VuZC1jb2xvcjogI2ZmZmZmZjsgDQogICAgICAgIH0NCg0KICAgICAgICAvKiDsg4Hri6gg7JiB7JetICovDQogICAgICAgIGhlYWRlciB7DQogICAgICAgICAgICAvKiAqKlvrs4Dqsr3rkKhdKiog6riw67O4IOuwsOqyveyDiSDshKTsoJUgKEpT7JeQ7IScIO2YuOyKpO2KuOuEpOyehOyXkCDrlLDrnbwg67OA6rK965CgIOyYiOyglSkgKi8NCiAgICAgICAgICAgIGJhY2tncm91bmQtY29sb3I6ICMwMDA7IA0KICAgICAgICAgICAgY29sb3I6ICNmZmY7DQogICAgICAgICAgICBwYWRkaW5nOiAyNXB4IDIwcHg7DQogICAgICAgICAgICB0ZXh0LWFsaWduOiBjZW50ZXI7DQogICAgICAgICAgICBmb250LXNpemU6IDJlbTsNCiAgICAgICAgICAgIGZvbnQtd2VpZ2h0OiBib2xkOw0KICAgICAgICAgICAgcG9zaXRpb246IHJlbGF0aXZlOw0KICAgICAgICB9DQoNCiAgICAgICAgLyog7Jik66W47Kq9IOychCDtmLjsiqTtirjrhKTsnoQg7ZGc7IucICovDQogICAgICAgICNob3N0bmFtZS1kaXNwbGF5IHsNCiAgICAgICAgICAgIHBvc2l0aW9uOiBhYnNvbHV0ZTsNCiAgICAgICAgICAgIHRvcDogMTBweDsNCiAgICAgICAgICAgIHJpZ2h0OiAyMHB4Ow0KICAgICAgICAgICAgZm9udC1zaXplOiAwLjllbTsNCiAgICAgICAgICAgIGNvbG9yOiAjZmZmOw0KICAgICAgICAgICAgYmFja2dyb3VuZC1jb2xvcjogcmdiYSgwLDAsMCwwLjMpOw0KICAgICAgICAgICAgcGFkZGluZzogNHB4IDhweDsNCiAgICAgICAgICAgIGJvcmRlci1yYWRpdXM6IDVweDsNCiAgICAgICAgfQ0KDQogICAgICAgIC8qIOyEueyFmCDqs7XthrUg7Iqk7YOA7J28ICovDQogICAgICAgIHNlY3Rpb24gew0KICAgICAgICAgICAgcGFkZGluZzogNjBweCAyMHB4Ow0KICAgICAgICAgICAgbWF4LXdpZHRoOiAxMDAwcHg7DQogICAgICAgICAgICBtYXJnaW46IGF1dG87DQogICAgICAgICAgICBjb2xvcjogIzIyMjsNCiAgICAgICAgICAgIC8qICoqW+ywuOqzoF0qKiDshLnshZgg7J6Q7LK064qUIO2dsOyDiSDrsLDqsr3snYQg7Jyg7KeAICovDQogICAgICAgICAgICBiYWNrZ3JvdW5kLWNvbG9yOiAjZmZmZmZmOyANCiAgICAgICAgfQ0KDQogICAgICAgIHNlY3Rpb24gaDIgew0KICAgICAgICAgICAgYm9yZGVyLWJvdHRvbTogM3B4IHNvbGlkICM1NTU7DQogICAgICAgICAgICBwYWRkaW5nLWJvdHRvbTogMTBweDsNCiAgICAgICAgICAgIG1hcmdpbi1ib3R0b206IDI1cHg7DQogICAgICAgICAgICBmb250LXNpemU6IDEuOGVtOw0KICAgICAgICB9DQoNCiAgICAgICAgLyog7IKs7J207Yq4IOyXsOqysCDrp4Htgawg7Iqk7YOA7J28ICovDQogICAgICAgIC5saW5rcyBhIHsNCiAgICAgICAgICAgIGRpc3BsYXk6IGlubGluZS1ibG9jazsNCiAgICAgICAgICAgIG1hcmdpbi1yaWdodDogMTVweDsNCiAgICAgICAgICAgIG1hcmdpbi1ib3R0b206IDEwcHg7DQogICAgICAgICAgICBwYWRkaW5nOiA4cHggMTVweDsNCiAgICAgICAgICAgIGJhY2tncm91bmQtY29sb3I6ICM0NDQ7DQogICAgICAgICAgICBjb2xvcjogI2ZmZjsNCiAgICAgICAgICAgIHRleHQtZGVjb3JhdGlvbjogbm9uZTsNCiAgICAgICAgICAgIGJvcmRlci1yYWRpdXM6IDVweDsNCiAgICAgICAgICAgIGZvbnQtd2VpZ2h0OiA1MDA7DQogICAgICAgICAgICB0cmFuc2l0aW9uOiAwLjNzOw0KICAgICAgICB9DQoNCiAgICAgICAgLmxpbmtzIGE6aG92ZXIgew0KICAgICAgICAgICAgYmFja2dyb3VuZC1jb2xvcjogIzIyMjsNCiAgICAgICAgfQ0KDQogICAgICAgIC8qIOyekOujjCDrpqzsiqTtirggKi8NCiAgICAgICAgLnJlc291cmNlcyB1bCB7DQogICAgICAgICAgICBsaXN0LXN0eWxlLXR5cGU6IHNxdWFyZTsNCiAgICAgICAgICAgIHBhZGRpbmctbGVmdDogMjBweDsNCiAgICAgICAgfQ0KDQogICAgICAgIC5yZXNvdXJjZXMgdWwgbGkgYSB7DQogICAgICAgICAgICBjb2xvcjogIzAwMDsNCiAgICAgICAgICAgIHRleHQtZGVjb3JhdGlvbjogbm9uZTsNCiAgICAgICAgICAgIHRyYW5zaXRpb246IDAuM3M7DQogICAgICAgIH0NCg0KICAgICAgICAucmVzb3VyY2VzIHVsIGxpIGE6aG92ZXIgew0KICAgICAgICAgICAgdGV4dC1kZWNvcmF0aW9uOiB1bmRlcmxpbmU7DQogICAgICAgICAgICBjb2xvcjogIzU1NTsNCiAgICAgICAgfQ0KDQogICAgICAgIC8qIOuwmOydke2YlSAqLw0KICAgICAgICBAbWVkaWEgKG1heC13aWR0aDogNjAwcHgpIHsNCiAgICAgICAgICAgIGhlYWRlciB7IGZvbnQtc2l6ZTogMS41ZW07IHBhZGRpbmc6IDIwcHggMTBweDsgfQ0KICAgICAgICAgICAgc2VjdGlvbiB7IHBhZGRpbmc6IDQwcHggMTVweDsgfQ0KICAgICAgICAgICAgLmxpbmtzIGEgeyBwYWRkaW5nOiA2cHggMTBweDsgbWFyZ2luLXJpZ2h0OiAxMHB4OyB9DQogICAgICAgICAgICAjaG9zdG5hbWUtZGlzcGxheSB7IGZvbnQtc2l6ZTogMC44ZW07IHRvcDogOHB4OyByaWdodDogMTBweDsgfQ0KICAgICAgICB9DQogICAgPC9zdHlsZT4NCjwvaGVhZD4NCjxib2R5Pg0KDQogICAgPGhlYWRlcj4NCiAgICAgICAgVEVBTV8xIEhPTUVQQUdFDQogICAgICAgIDxkaXYgaWQ9Imhvc3RuYW1lLWRpc3BsYXkiPjwvZGl2Pg0KICAgIDwvaGVhZGVyPg0KDQogICAgPHNlY3Rpb24gaWQ9ImhvbWUiPg0KICAgICAgICA8aDI+7ZmIPC9oMj4NCiAgICAgICAgPHA+7ZmY7JiB7ZWp64uI64ukISBURUFNXzEg7ZmI7Y6Y7J207KeA7JeQIOyYpOyLoCDqsoPsnYQg7ZmY7JiB7ZWp64uI64ukLjwvcD4NCiAgICA8L3NlY3Rpb24+DQoNCiAgICA8c2VjdGlvbiBpZD0ibGlua3MiPg0KICAgICAgICA8aDI+7IKs7J207Yq4IOyXsOqysDwvaDI+DQogICAgICAgIDxkaXYgY2xhc3M9ImxpbmtzIj4NCiAgICAgICAgICAgIDxhIGhyZWY9Imh0dHBzOi8vZ2l0aHViLmNvbS9nZ2pnMzMwMjA0L3RlYW1fd3d3IiB0YXJnZXQ9Il9ibGFuayIgdGl0bGU9IkdpdEh1YiDsoIDsnqXshowg7Je06riwIj5HaXRIdWI8L2E+DQogICAgICAgICAgICA8YSBocmVmPSJodHRwczovL2RvY3MuZ29vZ2xlLmNvbS9kb2N1bWVudC9kLzF5VE5tSVVMZUNzRGt6LV9IMUJJOUJXM3NaYl9qSEQyYmh1S0dhNzdzUVhFL2VkaXQ/dXNwPXNoYXJpbmciIHRhcmdldD0iX2JsYW5rIiB0aXRsZT0iR29vZ2xlIERvY3Mg7Je06riwIj5Hb29nbGUgRG9jczwvYT4NCiAgICAgICAgICAgIDxhIGhyZWY9Imh0dHBzOi8vZG9jcy5nb29nbGUuY29tL3ByZXNlbnRhdGlvbi9kLzFQT00yZmVPUjZ0YjZvbGxCQWZZTUl2Z2tIQXR3ZWQ5aUFPcWx6cUlIY3dzL2VkaXQ/dXNwPXNoYXJpbmciIHRhcmdldD0iX2JsYW5rIiB0aXRsZT0iR29vZ2xlIFNsaWRlIOyXtOq4sCI+R29vZ2xlIFNsaWRlPC9hPg0KICAgICAgICA8L2Rpdj4NCiAgICA8L3NlY3Rpb24+DQoNCiAgICA8c2VjdGlvbiBpZD0icmVzb3VyY2VzIj4NCiAgICAgICAgPGgyPu2PrO2KuO2PtOumrOyYpDwvaDI+DQogICAgICAgIDxkaXYgY2xhc3M9InJlc291cmNlcyI+DQogICAgICAgICAgICA8dWw+DQogICAgICAgICAgICAgICAgPGxpPjxhIGhyZWY9IiMiIHRpdGxlPSLsnbTquLDtm4gg7J6Q66OMIOuLpOyatOuhnOuTnCI+7J206riw7ZuIPC9hPjwvbGk+DQogICAgICAgICAgICAgICAgPGxpPjxhIGhyZWY9IiMiIHRpdGxlPSLsnpDro4wgMiDri6TsmrTroZzrk5wiPuyekOujjCAyPC9hPjwvbGk+DQogICAgICAgICAgICAgICAgPGxpPjxhIGhyZWY9IiMiIHRpdGxlPSLsnpDro4wgMyDri6TsmrTroZzrk5wiPuyekOujjCAzPC9hPjwvbGk+DQogICAgICAgICAgICA8L3VsPg0KICAgICAgICA8L2Rpdj4NCiAgICA8L3NlY3Rpb24+DQoNCiAgICA8c2NyaXB0Pg0KICAgICAgICAvLyA9PT09PT09PT09PT09PT09PT09PT09PT09PT09PT09PT09PT09PT09PT09PT0NCiAgICAgICAgLy8gMS4g7YWM7Iqk7Yq47JqpIO2YuOyKpO2KuOuEpOyehCAoUEMgMeuMgOyXkOyEnCDthYzsiqTtirjtlaAg65WMKQ0KICAgICAgICAvL2NvbnN0IFRFU1RfSE9TVE5BTUUgPSAid3d3LXdlYiI7wqANCiAgICAgICAgLy9jb25zdCBURVNUX0hPU1ROQU1FID0gInd3dy12bXNzMDAwMDAxIjvCoA0KICAgICAgICAvL2NvbnN0IFRFU1RfSE9TVE5BTUUgPSAid3d3LXZtc3MwMDAwMDMiO8KgDQogICAgICAgIC8vIFRFU1RfSE9TVE5BTUUg6rCS7J2EIOuwlOq/lOqwgOupsCDsg4nsg4Eg7ZmV7J24IOqwgOuKpSAo7JiIOiAnd3d3LXZtc3MwMDAwMDEnIC0+IOu5qOqwlSkNCiAgICAgICAgLy8gPT09PT09PT09PT09PT09PT09PT09PT09PT09PT09PT09PT09PT09PT09PT09DQoNCiAgICAgICAgLy8gMi4g7Iuk7KCcIO2OmOydtOyngOyXkOyEnOuKlCDshJzrsoTsl5DshJwg7Zi47Iqk7Yq464Sk7J6E7J2EIOyjvOyehQ0KICAgICAgICBjb25zdCBob3N0bmFtZSA9ICcke1NFUlZFUl9IT1NUTkFNRX0nOyAvLyDsi6TsoJwg7ISc67KE7JeQ7IScIOyjvOyehSDsi5wg7KO87ISdIO2VtOygnA0KICAgICAgICAvLyBjb25zdCBob3N0bmFtZSA9IFRFU1RfSE9TVE5BTUU7IC8vIO2FjOyKpO2KuCDsi5wg7KO87ISdIO2VtOygnA0KDQogICAgICAgIC8vIOyVhOuemCDrnbzsnbgg7ZWY64KY66GcIO2FjOyKpO2KuC/si6TsoJwg7Im96rKMIOyghO2ZmCDqsIDriqUNCiAgICAgICAgLy9jb25zdCBob3N0bmFtZSA9IFRFU1RfSE9TVE5BTUU7DQoNCiAgICAgICAgLy8g7Jik66W47Kq9IOychCDtmLjsiqTtirjrhKTsnoQg7ZGc7IucDQogICAgICAgIGRvY3VtZW50LmdldEVsZW1lbnRCeUlkKCJob3N0bmFtZS1kaXNwbGF5IikudGV4dENvbnRlbnQgPSBob3N0bmFtZTsNCg0KICAgICAgICAvLyDrrLTsp4DqsJwg7IOJ7IOBIOuwsOyXtA0KIGNvbnN0IHJhaW5ib3dDb2xvcnMgPSBbDQrCoCDCoCDCoCDCoCAiI0ZGOTk5OSIsIC8vIDA6IOyXsO2VnCDruajqsJUNCsKgIMKgIMKgIMKgIMKgIMKgICIjRkZDOTk5IiwgLy8gMTog7Jew7ZWcIOyjvO2ZqQ0KwqAgwqAgwqAgwqAgwqAgwqAgIiNGRkZGOTkiLCAvLyAyOiDsl7DtlZwg64W4656RDQrCoCDCoCDCoCDCoCDCoCDCoCAiIzk5RkY5OSIsIC8vIDM6IOyXsO2VnCDstIjroZ0NCsKgIMKgIMKgIMKgIMKgIMKgICIjOTk5OUZGIiwgLy8gNDog7Jew7ZWcIO2MjOuekQ0KwqAgwqAgwqAgwqAgwqAgwqAgIiNBMzk5QzgiLCAvLyA1OiDsl7DtlZwg64Ko7IOJDQrCoCDCoCDCoCDCoCDCoCDCoCAiI0M4OTlGRiLCoCAvLyA2OiDsl7DtlZwg67O06528DQrCoCDCoCDCoCDCoCBdOw0KDQrCoCDCoCDCoCDCoCBsZXQgc2VsZWN0ZWRDb2xvciA9ICIjMDAwMDAwIjsgLy8g6riw67O4IOqygOygleyDiQ0KICAgICAgICBsZXQgaW5zdGFuY2VOdW1iZXIgPSBudWxsOyAvLyDsnbjsiqTthLTsiqQg67KI7Zi466W8IOyggOyepe2VoCDrs4DsiJgNCg0KICAgICAgICAvLyAxLiB3d3ctIOygkeuRkOyCrOyXkCDqtIDqs4Tsl4bsnbQgW+ygkeuRkOyCrF0tdm1zc1s27J6Q66asIOyIq+yekF0g7Yyo7YS0IOyymOumrA0KICAgICAgICBpZiAoLy12bXNzXGR7Nn0kLy50ZXN0KGhvc3RuYW1lKSkgew0KICAgICAgICAgICAgLy8g7Zi47Iqk7Yq464Sk7J6EIOuBnSA27J6Q66asIOyIq+yekOulvCDstpTstpwNCiAgICAgICAgICAgIGNvbnN0IG1hdGNoID0gaG9zdG5hbWUubWF0Y2goL1xkezZ9JC8pOw0KICAgICAgICAgICAgaWYgKG1hdGNoKSB7DQogICAgICAgICAgICAgICAgLy8gNuyekOumrCDsiKvsnpDrpbwg7KCV7IiY66GcIOuzgO2ZmCAo7JiIOiAwMDAwMDEgLT4gMSkNCiAgICAgICAgICAgICAgICBpbnN0YW5jZU51bWJlciA9IHBhcnNlSW50KG1hdGNoWzBdLCAxMCk7DQogICAgICAgICAgICB9DQogICAgICAgIH0gDQogICAgICAgIA0KICAgICAgICAvLyAyLiB3d3ctIOygkeuRkOyCrOyXkCDqtIDqs4Tsl4bsnbQgW+ygkeuRkOyCrF0td2ViW+yIq+yekF12bSDtjKjthLQg7LKY66asDQogICAgICAgIGVsc2UgaWYgKC8td2ViXGQrdm0kLy50ZXN0KGhvc3RuYW1lKSkgew0KICAgICAgICAgICAgLy8gd2Vi6rO8IHZtIOyCrOydtOyXkCDsnojripQg7Iir7J6Q66W8IOy2lOy2nA0KICAgICAgICAgICAgY29uc3QgbWF0Y2ggPSBob3N0bmFtZS5tYXRjaCgvd2ViKFxkKyl2bSQvKTsNCiAgICAgICAgICAgIGlmIChtYXRjaCAmJiBtYXRjaFsxXSkgew0KICAgICAgICAgICAgICAgIC8vIOyIq+yekOulvCDsoJXsiJjroZwg67OA7ZmYICjsmIg6IHdlYjF2bSAtPiAxKQ0KICAgICAgICAgICAgICAgIGluc3RhbmNlTnVtYmVyID0gcGFyc2VJbnQobWF0Y2hbMV0sIDEwKTsNCiAgICAgICAgICAgIH0NCiAgICAgICAgfQ0KICAgICAgICANCiAgICAgICAgLy8g7J247Iqk7YS07IqkIOuyiO2YuOqwgCDsnKDtmqjtlaAg6rK97JqwIOyDieyDgSDtlaDri7kNCiAgICAgICAgaWYgKGluc3RhbmNlTnVtYmVyICE9PSBudWxsICYmIGluc3RhbmNlTnVtYmVyID4gMCkgew0KICAgICAgICAgICAgLy8g7Iir7J6Q66W8IOuwsOyXtCDquLjsnbTroZwg64KY64iIIOuCmOuouOyngOuhnCDsnbjrjbHsiqQg6rKw7KCVICjsiJztmZgpDQogICAgICAgICAgICAvLyDsnbjrjbHsiqTripQgMOu2gO2EsCDsi5zsnpHtlZjrr4DroZwsIDHrsogg7J247Iqk7YS07Iqk64qUIDDrsogg7J24642x7Iqk7JeQIOunpO2VkeuQmOuPhOuhnSAtMeydhCDsgqzsmqkNCiAgICAgICAgICAgIGNvbnN0IGNvbG9ySW5kZXggPSAoaW5zdGFuY2VOdW1iZXIgLSAxKSAlIHJhaW5ib3dDb2xvcnMubGVuZ3RoOw0KICAgICAgICAgICAgc2VsZWN0ZWRDb2xvciA9IHJhaW5ib3dDb2xvcnNbY29sb3JJbmRleF07DQogICAgICAgIH0NCg0KwqAgwqAgwqAgwqAgLy8gKipb67OA6rK965CoXSoqIGJvZHnqsIAg7JWE64uMIGhlYWRlciDrsLDqsr3sg4kg7KCB7JqpDQrCoCDCoCDCoCDCoCBkb2N1bWVudC5xdWVyeVNlbGVjdG9yKCdoZWFkZXInKS5zdHlsZS5iYWNrZ3JvdW5kQ29sb3IgPSBzZWxlY3RlZENvbG9yOyAgICA8L3NjcmlwdD4NCg0KPC9ib2R5Pg0KPC9odG1sPg0KRU9G",
            "virtual_machine_id": "05f510c2-d433-4093-bf65-81ae05a5d04e",
            "virtual_machine_scale_set_id": "",
            "vm_agent_platform_updates_enabled": false,
            "vtpm_enabled": false,
            "zone": ""
          },
          "sensitive_attributes": [
            [
              {
                "type": "get_attr",
                "value": "admin_password"
              }
            ],
            [
              {
                "type": "get_attr",
                "value": "custom_data"
              }
            ]
          ],
          "identity_schema_version": 0,
          "private": "eyJlMmJmYjczMC1lY2FhLTExZTYtOGY4OC0zNDM2M2JjN2M0YzAiOnsiY3JlYXRlIjoyNzAwMDAwMDAwMDAwLCJkZWxldGUiOjI3MDAwMDAwMDAwMDAsInJlYWQiOjMwMDAwMDAwMDAwMCwidXBkYXRlIjoyNzAwMDAwMDAwMDAwfX0=",
          "dependencies": [
            "module.network.azurerm_network_interface.www_bas_nic",
            "module.network.azurerm_network_interface.www_db_nic",
            "module.network.azurerm_network_interface.www_web1_nic",
            "module.network.azurerm_network_interface.www_web1_v1_nic",
            "module.network.azurerm_network_interface.www_web2_nic",
            "module.network.azurerm_network_interface.www_web2_v1_nic",
            "module.network.azurerm_public_ip.www_basip",
            "module.network.azurerm_subnet.www_bas",
            "module.network.azurerm_subnet.www_db",
            "module.network.azurerm_subnet.www_web1",
            "module.network.azurerm_subnet.www_web1_v1",
            "module.network.azurerm_subnet.www_web2",
            "module.network.azurerm_subnet.www_web2_v1",
            "module.network.azurerm_virtual_network.www_vnet0",
            "module.network.azurerm_virtual_network.www_vnet1"
          ]
        }
      ]
    },
    {
      "module": "module.compute",
      "mode": "managed",
      "type": "azurerm_linux_virtual_machine",
      "name": "www_web1vm",
      "provider": "provider[\"registry.terraform.io/hashicorp/azurerm\"]",
      "instances": [
        {
          "schema_version": 0,
          "attributes": {
            "additional_capabilities": [],
            "admin_password": null,
            "admin_ssh_key": [
              {
                "public_key": "ssh-ed25519 AAAAC3NzaC1lZDI1NTE5AAAAIPQMz6pXp11KhT0hWvtjhfnWCxvVEauRhw7dTgunou4M \r\n",
                "username": "www"
              }
            ],
            "admin_username": "www",
            "allow_extension_operations": true,
            "availability_set_id": "",
            "boot_diagnostics": [
              {
                "storage_account_uri": ""
              }
            ],
            "bypass_platform_safety_checks_on_user_schedule_enabled": false,
            "capacity_reservation_group_id": "",
            "computer_name": "leegh-web1vm",
            "custom_data": null,
            "dedicated_host_group_id": "",
            "dedicated_host_id": "",
            "disable_password_authentication": true,
            "disk_controller_type": "SCSI",
            "edge_zone": "",
            "encryption_at_host_enabled": false,
            "eviction_policy": "",
            "extensions_time_budget": "PT1H30M",
            "gallery_application": [],
            "id": "/subscriptions/99b79efe-ebd6-468c-b39f-5669acb259e1/resourceGroups/04-t1-leegh/providers/Microsoft.Compute/virtualMachines/leegh-web1vm",
            "identity": [
              {
                "identity_ids": [],
                "principal_id": "1062059c-a6d2-44de-82a9-99a3f232f3e5",
                "tenant_id": "548e9ef4-b1d5-48fa-b220-59f52d6db511",
                "type": "SystemAssigned"
              }
            ],
            "license_type": "",
            "location": "koreacentral",
            "max_bid_price": -1,
            "name": "leegh-web1vm",
            "network_interface_ids": [
              "/subscriptions/99b79efe-ebd6-468c-b39f-5669acb259e1/resourceGroups/04-t1-leegh/providers/Microsoft.Network/networkInterfaces/leegh-web1-nic"
            ],
            "os_disk": [
              {
                "caching": "ReadWrite",
                "diff_disk_settings": [],
                "disk_encryption_set_id": "",
                "disk_size_gb": 10,
                "id": "/subscriptions/99b79efe-ebd6-468c-b39f-5669acb259e1/resourceGroups/04-t1-leegh/providers/Microsoft.Compute/disks/leegh-web1vm_disk1_8b77ef8f4bae482a9d9be9bf37cb0238",
                "name": "leegh-web1vm_disk1_8b77ef8f4bae482a9d9be9bf37cb0238",
                "secure_vm_disk_encryption_set_id": "",
                "security_encryption_type": "",
                "storage_account_type": "Standard_LRS",
                "write_accelerator_enabled": false
              }
            ],
            "os_image_notification": [],
            "os_managed_disk_id": "/subscriptions/99b79efe-ebd6-468c-b39f-5669acb259e1/resourceGroups/04-t1-leegh/providers/Microsoft.Compute/disks/leegh-web1vm_disk1_8b77ef8f4bae482a9d9be9bf37cb0238",
            "patch_assessment_mode": "ImageDefault",
            "patch_mode": "ImageDefault",
            "plan": [
              {
                "name": "9-lvm",
                "product": "rockylinux-x86_64",
                "publisher": "resf"
              }
            ],
            "platform_fault_domain": -1,
            "priority": "Regular",
            "private_ip_address": "10.0.2.4",
            "private_ip_addresses": [
              "10.0.2.4"
            ],
            "provision_vm_agent": true,
            "proximity_placement_group_id": "",
            "public_ip_address": "",
            "public_ip_addresses": [],
            "reboot_setting": "",
            "resource_group_name": "04-t1-leegh",
            "secret": [],
            "secure_boot_enabled": false,
            "size": "Standard_B1s",
            "source_image_id": "",
            "source_image_reference": [
              {
                "offer": "rockylinux-x86_64",
                "publisher": "resf",
                "sku": "9-lvm",
                "version": "9.3.20231113"
              }
            ],
            "tags": null,
            "termination_notification": null,
            "timeouts": null,
            "user_data": "IyEgL2Jpbi9iYXNoDQojIOybuSDshJzrsoQg7ISk7KCVIOyKpO2BrOumve2KuCAo64uo7J28IFZN7JqpKQ0KIyBBcGFjaGUsIFBIUCwgV29yZFByZXNzIOyEpOy5mCDrsI8g7ISk7KCVDQpzZXRlbmZvcmNlIDANCmdydWJieSAtLXVwZGF0ZS1rZXJuZWwgQUxMIC0tYXJncyBzZWxpbnV4PTANCmRuZiBpbnN0YWxsIC15IHdnZXQgaHR0cGQgcGhwIHBocC1nZCBwaHAtb3BjYWNoZSBwaHAtbXlzcWxuZA0Kd2dldCBodHRwczovL2tvLndvcmRwcmVzcy5vcmcvd29yZHByZXNzLTYuOC4zLWtvX0tSLnRhci5neg0KdGFyIHh2Znogd29yZHByZXNzLTYuOC4zLWtvX0tSLnRhci5neg0KY3AgLWFyIHdvcmRwcmVzcy8qIC92YXIvd3d3L2h0bWwNCnNlZCAtaSAncy9EaXJlY3RvcnlJbmRleCBpbmRleC5odG1sL0RpcmVjdG9yeUluZGV4IGluZGV4LnBocC9nJyAvZXRjL2h0dHBkL2NvbmYvaHR0cGQuY29uZg0KY3AgL3Zhci93d3cvaHRtbC93cC1jb25maWctc2FtcGxlLnBocCAvdmFyL3d3dy9odG1sL3dwLWNvbmZpZy5waHANCnNlZCAtaSAncy9kYXRhYmFzZV9uYW1lX2hlcmUvd29yZHByZXNzL2cnIC92YXIvd3d3L2h0bWwvd3AtY29uZmlnLnBocA0Kc2VkIC1pICdzL3VzZXJuYW1lX2hlcmUvaHliL2cnIC92YXIvd3d3L2h0bWwvd3AtY29uZmlnLnBocA0Kc2VkIC1pICdzL3Bhc3N3b3JkX2hlcmUvSXQxMjM0NSEvZycgL3Zhci93d3cvaHRtbC93cC1jb25maWcucGhwDQpzZWQgLWkgJ3MvbG9jYWxob3N0LzEwLjAuNS40L2cnIC92YXIvd3d3L2h0bWwvd3AtY29uZmlnLnBocA0KZWNobyAkSE9TVE5BTUUgPiAvdmFyL3d3dy9odG1sL2hlYWx0aC5odG1sDQpzeXN0ZW1jdGwgZW5hYmxlIC0tbm93IGh0dHBkDQoNCg0KDQojIO2ZiO2OmOydtOyngCDstpTqsIANClNFUlZFUl9IT1NUTkFNRT0kKGhvc3RuYW1lKQ0KY2F0IDw8RU9GID4gL3Zhci93d3cvaHRtbC9pbmRleC5odG1sDQo8IURPQ1RZUEUgaHRtbD4NCjxodG1sIGxhbmc9ImtvIj4NCjxoZWFkPg0KICAgIDxtZXRhIGNoYXJzZXQ9IlVURi04Ij4NCiAgICA8bWV0YSBuYW1lPSJ2aWV3cG9ydCIgY29udGVudD0id2lkdGg9ZGV2aWNlLXdpZHRoLCBpbml0aWFsLXNjYWxlPTEuMCI+DQogICAgPHRpdGxlPlRFQU1fMSDtmYjtjpjsnbTsp4A8L3RpdGxlPg0KICAgIDxzdHlsZT4NCiAgICAgICAgLyog7KCE7LK0IOq4sOuzuCDsiqTtg4DsnbwgKi8NCiAgICAgICAgYm9keSB7DQogICAgICAgICAgICBmb250LWZhbWlseTogQXJpYWwsIHNhbnMtc2VyaWY7DQogICAgICAgICAgICBtYXJnaW46IDA7DQogICAgICAgICAgICBwYWRkaW5nOiAwOw0KICAgICAgICAgICAgbGluZS1oZWlnaHQ6IDEuNjsNCiAgICAgICAgICAgIGNvbG9yOiAjMjIyOw0KICAgICAgICAgICAgLyogKipb67OA6rK965CoXSoqIGJvZHkg67Cw6rK97IOJ7J2EIO2dsOyDieycvOuhnCDqs6DsoJUgKENTU+yXkOyEnCDsp4HsoJEg7ISk7KCVKSAqLw0KICAgICAgICAgICAgYmFja2dyb3VuZC1jb2xvcjogI2ZmZmZmZjsgDQogICAgICAgIH0NCg0KICAgICAgICAvKiDsg4Hri6gg7JiB7JetICovDQogICAgICAgIGhlYWRlciB7DQogICAgICAgICAgICAvKiAqKlvrs4Dqsr3rkKhdKiog6riw67O4IOuwsOqyveyDiSDshKTsoJUgKEpT7JeQ7IScIO2YuOyKpO2KuOuEpOyehOyXkCDrlLDrnbwg67OA6rK965CgIOyYiOyglSkgKi8NCiAgICAgICAgICAgIGJhY2tncm91bmQtY29sb3I6ICMwMDA7IA0KICAgICAgICAgICAgY29sb3I6ICNmZmY7DQogICAgICAgICAgICBwYWRkaW5nOiAyNXB4IDIwcHg7DQogICAgICAgICAgICB0ZXh0LWFsaWduOiBjZW50ZXI7DQogICAgICAgICAgICBmb250LXNpemU6IDJlbTsNCiAgICAgICAgICAgIGZvbnQtd2VpZ2h0OiBib2xkOw0KICAgICAgICAgICAgcG9zaXRpb246IHJlbGF0aXZlOw0KICAgICAgICB9DQoNCiAgICAgICAgLyog7Jik66W47Kq9IOychCDtmLjsiqTtirjrhKTsnoQg7ZGc7IucICovDQogICAgICAgICNob3N0bmFtZS1kaXNwbGF5IHsNCiAgICAgICAgICAgIHBvc2l0aW9uOiBhYnNvbHV0ZTsNCiAgICAgICAgICAgIHRvcDogMTBweDsNCiAgICAgICAgICAgIHJpZ2h0OiAyMHB4Ow0KICAgICAgICAgICAgZm9udC1zaXplOiAwLjllbTsNCiAgICAgICAgICAgIGNvbG9yOiAjZmZmOw0KICAgICAgICAgICAgYmFja2dyb3VuZC1jb2xvcjogcmdiYSgwLDAsMCwwLjMpOw0KICAgICAgICAgICAgcGFkZGluZzogNHB4IDhweDsNCiAgICAgICAgICAgIGJvcmRlci1yYWRpdXM6IDVweDsNCiAgICAgICAgfQ0KDQogICAgICAgIC8qIOyEueyFmCDqs7XthrUg7Iqk7YOA7J28ICovDQogICAgICAgIHNlY3Rpb24gew0KICAgICAgICAgICAgcGFkZGluZzogNjBweCAyMHB4Ow0KICAgICAgICAgICAgbWF4LXdpZHRoOiAxMDAwcHg7DQogICAgICAgICAgICBtYXJnaW46IGF1dG87DQogICAgICAgICAgICBjb2xvcjogIzIyMjsNCiAgICAgICAgICAgIC8qICoqW+ywuOqzoF0qKiDshLnshZgg7J6Q7LK064qUIO2dsOyDiSDrsLDqsr3snYQg7Jyg7KeAICovDQogICAgICAgICAgICBiYWNrZ3JvdW5kLWNvbG9yOiAjZmZmZmZmOyANCiAgICAgICAgfQ0KDQogICAgICAgIHNlY3Rpb24gaDIgew0KICAgICAgICAgICAgYm9yZGVyLWJvdHRvbTogM3B4IHNvbGlkICM1NTU7DQogICAgICAgICAgICBwYWRkaW5nLWJvdHRvbTogMTBweDsNCiAgICAgICAgICAgIG1hcmdpbi1ib3R0b206IDI1cHg7DQogICAgICAgICAgICBmb250LXNpemU6IDEuOGVtOw0KICAgICAgICB9DQoNCiAgICAgICAgLyog7IKs7J207Yq4IOyXsOqysCDrp4Htgawg7Iqk7YOA7J28ICovDQogICAgICAgIC5saW5rcyBhIHsNCiAgICAgICAgICAgIGRpc3BsYXk6IGlubGluZS1ibG9jazsNCiAgICAgICAgICAgIG1hcmdpbi1yaWdodDogMTVweDsNCiAgICAgICAgICAgIG1hcmdpbi1ib3R0b206IDEwcHg7DQogICAgICAgICAgICBwYWRkaW5nOiA4cHggMTVweDsNCiAgICAgICAgICAgIGJhY2tncm91bmQtY29sb3I6ICM0NDQ7DQogICAgICAgICAgICBjb2xvcjogI2ZmZjsNCiAgICAgICAgICAgIHRleHQtZGVjb3JhdGlvbjogbm9uZTsNCiAgICAgICAgICAgIGJvcmRlci1yYWRpdXM6IDVweDsNCiAgICAgICAgICAgIGZvbnQtd2VpZ2h0OiA1MDA7DQogICAgICAgICAgICB0cmFuc2l0aW9uOiAwLjNzOw0KICAgICAgICB9DQoNCiAgICAgICAgLmxpbmtzIGE6aG92ZXIgew0KICAgICAgICAgICAgYmFja2dyb3VuZC1jb2xvcjogIzIyMjsNCiAgICAgICAgfQ0KDQogICAgICAgIC8qIOyekOujjCDrpqzsiqTtirggKi8NCiAgICAgICAgLnJlc291cmNlcyB1bCB7DQogICAgICAgICAgICBsaXN0LXN0eWxlLXR5cGU6IHNxdWFyZTsNCiAgICAgICAgICAgIHBhZGRpbmctbGVmdDogMjBweDsNCiAgICAgICAgfQ0KDQogICAgICAgIC5yZXNvdXJjZXMgdWwgbGkgYSB7DQogICAgICAgICAgICBjb2xvcjogIzAwMDsNCiAgICAgICAgICAgIHRleHQtZGVjb3JhdGlvbjogbm9uZTsNCiAgICAgICAgICAgIHRyYW5zaXRpb246IDAuM3M7DQogICAgICAgIH0NCg0KICAgICAgICAucmVzb3VyY2VzIHVsIGxpIGE6aG92ZXIgew0KICAgICAgICAgICAgdGV4dC1kZWNvcmF0aW9uOiB1bmRlcmxpbmU7DQogICAgICAgICAgICBjb2xvcjogIzU1NTsNCiAgICAgICAgfQ0KDQogICAgICAgIC8qIOuwmOydke2YlSAqLw0KICAgICAgICBAbWVkaWEgKG1heC13aWR0aDogNjAwcHgpIHsNCiAgICAgICAgICAgIGhlYWRlciB7IGZvbnQtc2l6ZTogMS41ZW07IHBhZGRpbmc6IDIwcHggMTBweDsgfQ0KICAgICAgICAgICAgc2VjdGlvbiB7IHBhZGRpbmc6IDQwcHggMTVweDsgfQ0KICAgICAgICAgICAgLmxpbmtzIGEgeyBwYWRkaW5nOiA2cHggMTBweDsgbWFyZ2luLXJpZ2h0OiAxMHB4OyB9DQogICAgICAgICAgICAjaG9zdG5hbWUtZGlzcGxheSB7IGZvbnQtc2l6ZTogMC44ZW07IHRvcDogOHB4OyByaWdodDogMTBweDsgfQ0KICAgICAgICB9DQogICAgPC9zdHlsZT4NCjwvaGVhZD4NCjxib2R5Pg0KDQogICAgPGhlYWRlcj4NCiAgICAgICAgVEVBTV8xIEhPTUVQQUdFDQogICAgICAgIDxkaXYgaWQ9Imhvc3RuYW1lLWRpc3BsYXkiPjwvZGl2Pg0KICAgIDwvaGVhZGVyPg0KDQogICAgPHNlY3Rpb24gaWQ9ImhvbWUiPg0KICAgICAgICA8aDI+7ZmIPC9oMj4NCiAgICAgICAgPHA+7ZmY7JiB7ZWp64uI64ukISBURUFNXzEg7ZmI7Y6Y7J207KeA7JeQIOyYpOyLoCDqsoPsnYQg7ZmY7JiB7ZWp64uI64ukLjwvcD4NCiAgICA8L3NlY3Rpb24+DQoNCiAgICA8c2VjdGlvbiBpZD0ibGlua3MiPg0KICAgICAgICA8aDI+7IKs7J207Yq4IOyXsOqysDwvaDI+DQogICAgICAgIDxkaXYgY2xhc3M9ImxpbmtzIj4NCiAgICAgICAgICAgIDxhIGhyZWY9Imh0dHBzOi8vZ2l0aHViLmNvbS9nZ2pnMzMwMjA0L3RlYW1fd3d3IiB0YXJnZXQ9Il9ibGFuayIgdGl0bGU9IkdpdEh1YiDsoIDsnqXshowg7Je06riwIj5HaXRIdWI8L2E+DQogICAgICAgICAgICA8YSBocmVmPSJodHRwczovL2RvY3MuZ29vZ2xlLmNvbS9kb2N1bWVudC9kLzF5VE5tSVVMZUNzRGt6LV9IMUJJOUJXM3NaYl9qSEQyYmh1S0dhNzdzUVhFL2VkaXQ/dXNwPXNoYXJpbmciIHRhcmdldD0iX2JsYW5rIiB0aXRsZT0iR29vZ2xlIERvY3Mg7Je06riwIj5Hb29nbGUgRG9jczwvYT4NCiAgICAgICAgICAgIDxhIGhyZWY9Imh0dHBzOi8vZG9jcy5nb29nbGUuY29tL3ByZXNlbnRhdGlvbi9kLzFQT00yZmVPUjZ0YjZvbGxCQWZZTUl2Z2tIQXR3ZWQ5aUFPcWx6cUlIY3dzL2VkaXQ/dXNwPXNoYXJpbmciIHRhcmdldD0iX2JsYW5rIiB0aXRsZT0iR29vZ2xlIFNsaWRlIOyXtOq4sCI+R29vZ2xlIFNsaWRlPC9hPg0KICAgICAgICA8L2Rpdj4NCiAgICA8L3NlY3Rpb24+DQoNCiAgICA8c2VjdGlvbiBpZD0icmVzb3VyY2VzIj4NCiAgICAgICAgPGgyPu2PrO2KuO2PtOumrOyYpDwvaDI+DQogICAgICAgIDxkaXYgY2xhc3M9InJlc291cmNlcyI+DQogICAgICAgICAgICA8dWw+DQogICAgICAgICAgICAgICAgPGxpPjxhIGhyZWY9IiMiIHRpdGxlPSLsnbTquLDtm4gg7J6Q66OMIOuLpOyatOuhnOuTnCI+7J206riw7ZuIPC9hPjwvbGk+DQogICAgICAgICAgICAgICAgPGxpPjxhIGhyZWY9IiMiIHRpdGxlPSLsnpDro4wgMiDri6TsmrTroZzrk5wiPuyekOujjCAyPC9hPjwvbGk+DQogICAgICAgICAgICAgICAgPGxpPjxhIGhyZWY9IiMiIHRpdGxlPSLsnpDro4wgMyDri6TsmrTroZzrk5wiPuyekOujjCAzPC9hPjwvbGk+DQogICAgICAgICAgICA8L3VsPg0KICAgICAgICA8L2Rpdj4NCiAgICA8L3NlY3Rpb24+DQoNCiAgICA8c2NyaXB0Pg0KICAgICAgICAvLyA9PT09PT09PT09PT09PT09PT09PT09PT09PT09PT09PT09PT09PT09PT09PT0NCiAgICAgICAgLy8gMS4g7YWM7Iqk7Yq47JqpIO2YuOyKpO2KuOuEpOyehCAoUEMgMeuMgOyXkOyEnCDthYzsiqTtirjtlaAg65WMKQ0KICAgICAgICAvL2NvbnN0IFRFU1RfSE9TVE5BTUUgPSAid3d3LXdlYiI7wqANCiAgICAgICAgLy9jb25zdCBURVNUX0hPU1ROQU1FID0gInd3dy12bXNzMDAwMDAxIjvCoA0KICAgICAgICAvL2NvbnN0IFRFU1RfSE9TVE5BTUUgPSAid3d3LXZtc3MwMDAwMDMiO8KgDQogICAgICAgIC8vIFRFU1RfSE9TVE5BTUUg6rCS7J2EIOuwlOq/lOqwgOupsCDsg4nsg4Eg7ZmV7J24IOqwgOuKpSAo7JiIOiAnd3d3LXZtc3MwMDAwMDEnIC0+IOu5qOqwlSkNCiAgICAgICAgLy8gPT09PT09PT09PT09PT09PT09PT09PT09PT09PT09PT09PT09PT09PT09PT09DQoNCiAgICAgICAgLy8gMi4g7Iuk7KCcIO2OmOydtOyngOyXkOyEnOuKlCDshJzrsoTsl5DshJwg7Zi47Iqk7Yq464Sk7J6E7J2EIOyjvOyehQ0KICAgICAgICBjb25zdCBob3N0bmFtZSA9ICcke1NFUlZFUl9IT1NUTkFNRX0nOyAvLyDsi6TsoJwg7ISc67KE7JeQ7IScIOyjvOyehSDsi5wg7KO87ISdIO2VtOygnA0KICAgICAgICAvLyBjb25zdCBob3N0bmFtZSA9IFRFU1RfSE9TVE5BTUU7IC8vIO2FjOyKpO2KuCDsi5wg7KO87ISdIO2VtOygnA0KDQogICAgICAgIC8vIOyVhOuemCDrnbzsnbgg7ZWY64KY66GcIO2FjOyKpO2KuC/si6TsoJwg7Im96rKMIOyghO2ZmCDqsIDriqUNCiAgICAgICAgLy9jb25zdCBob3N0bmFtZSA9IFRFU1RfSE9TVE5BTUU7DQoNCiAgICAgICAgLy8g7Jik66W47Kq9IOychCDtmLjsiqTtirjrhKTsnoQg7ZGc7IucDQogICAgICAgIGRvY3VtZW50LmdldEVsZW1lbnRCeUlkKCJob3N0bmFtZS1kaXNwbGF5IikudGV4dENvbnRlbnQgPSBob3N0bmFtZTsNCg0KICAgICAgICAvLyDrrLTsp4DqsJwg7IOJ7IOBIOuwsOyXtA0KIGNvbnN0IHJhaW5ib3dDb2xvcnMgPSBbDQrCoCDCoCDCoCDCoCAiI0ZGOTk5OSIsIC8vIDA6IOyXsO2VnCDruajqsJUNCsKgIMKgIMKgIMKgIMKgIMKgICIjRkZDOTk5IiwgLy8gMTog7Jew7ZWcIOyjvO2ZqQ0KwqAgwqAgwqAgwqAgwqAgwqAgIiNGRkZGOTkiLCAvLyAyOiDsl7DtlZwg64W4656RDQrCoCDCoCDCoCDCoCDCoCDCoCAiIzk5RkY5OSIsIC8vIDM6IOyXsO2VnCDstIjroZ0NCsKgIMKgIMKgIMKgIMKgIMKgICIjOTk5OUZGIiwgLy8gNDog7Jew7ZWcIO2MjOuekQ0KwqAgwqAgwqAgwqAgwqAgwqAgIiNBMzk5QzgiLCAvLyA1OiDsl7DtlZwg64Ko7IOJDQrCoCDCoCDCoCDCoCDCoCDCoCAiI0M4OTlGRiLCoCAvLyA2OiDsl7DtlZwg67O06528DQrCoCDCoCDCoCDCoCBdOw0KDQrCoCDCoCDCoCDCoCBsZXQgc2VsZWN0ZWRDb2xvciA9ICIjMDAwMDAwIjsgLy8g6riw67O4IOqygOygleyDiQ0KICAgICAgICBsZXQgaW5zdGFuY2VOdW1iZXIgPSBudWxsOyAvLyDsnbjsiqTthLTsiqQg67KI7Zi466W8IOyggOyepe2VoCDrs4DsiJgNCg0KICAgICAgICAvLyAxLiB3d3ctIOygkeuRkOyCrOyXkCDqtIDqs4Tsl4bsnbQgW+ygkeuRkOyCrF0tdm1zc1s27J6Q66asIOyIq+yekF0g7Yyo7YS0IOyymOumrA0KICAgICAgICBpZiAoLy12bXNzXGR7Nn0kLy50ZXN0KGhvc3RuYW1lKSkgew0KICAgICAgICAgICAgLy8g7Zi47Iqk7Yq464Sk7J6EIOuBnSA27J6Q66asIOyIq+yekOulvCDstpTstpwNCiAgICAgICAgICAgIGNvbnN0IG1hdGNoID0gaG9zdG5hbWUubWF0Y2goL1xkezZ9JC8pOw0KICAgICAgICAgICAgaWYgKG1hdGNoKSB7DQogICAgICAgICAgICAgICAgLy8gNuyekOumrCDsiKvsnpDrpbwg7KCV7IiY66GcIOuzgO2ZmCAo7JiIOiAwMDAwMDEgLT4gMSkNCiAgICAgICAgICAgICAgICBpbnN0YW5jZU51bWJlciA9IHBhcnNlSW50KG1hdGNoWzBdLCAxMCk7DQogICAgICAgICAgICB9DQogICAgICAgIH0gDQogICAgICAgIA0KICAgICAgICAvLyAyLiB3d3ctIOygkeuRkOyCrOyXkCDqtIDqs4Tsl4bsnbQgW+ygkeuRkOyCrF0td2ViW+yIq+yekF12bSDtjKjthLQg7LKY66asDQogICAgICAgIGVsc2UgaWYgKC8td2ViXGQrdm0kLy50ZXN0KGhvc3RuYW1lKSkgew0KICAgICAgICAgICAgLy8gd2Vi6rO8IHZtIOyCrOydtOyXkCDsnojripQg7Iir7J6Q66W8IOy2lOy2nA0KICAgICAgICAgICAgY29uc3QgbWF0Y2ggPSBob3N0bmFtZS5tYXRjaCgvd2ViKFxkKyl2bSQvKTsNCiAgICAgICAgICAgIGlmIChtYXRjaCAmJiBtYXRjaFsxXSkgew0KICAgICAgICAgICAgICAgIC8vIOyIq+yekOulvCDsoJXsiJjroZwg67OA7ZmYICjsmIg6IHdlYjF2bSAtPiAxKQ0KICAgICAgICAgICAgICAgIGluc3RhbmNlTnVtYmVyID0gcGFyc2VJbnQobWF0Y2hbMV0sIDEwKTsNCiAgICAgICAgICAgIH0NCiAgICAgICAgfQ0KICAgICAgICANCiAgICAgICAgLy8g7J247Iqk7YS07IqkIOuyiO2YuOqwgCDsnKDtmqjtlaAg6rK97JqwIOyDieyDgSDtlaDri7kNCiAgICAgICAgaWYgKGluc3RhbmNlTnVtYmVyICE9PSBudWxsICYmIGluc3RhbmNlTnVtYmVyID4gMCkgew0KICAgICAgICAgICAgLy8g7Iir7J6Q66W8IOuwsOyXtCDquLjsnbTroZwg64KY64iIIOuCmOuouOyngOuhnCDsnbjrjbHsiqQg6rKw7KCVICjsiJztmZgpDQogICAgICAgICAgICAvLyDsnbjrjbHsiqTripQgMOu2gO2EsCDsi5zsnpHtlZjrr4DroZwsIDHrsogg7J247Iqk7YS07Iqk64qUIDDrsogg7J24642x7Iqk7JeQIOunpO2VkeuQmOuPhOuhnSAtMeydhCDsgqzsmqkNCiAgICAgICAgICAgIGNvbnN0IGNvbG9ySW5kZXggPSAoaW5zdGFuY2VOdW1iZXIgLSAxKSAlIHJhaW5ib3dDb2xvcnMubGVuZ3RoOw0KICAgICAgICAgICAgc2VsZWN0ZWRDb2xvciA9IHJhaW5ib3dDb2xvcnNbY29sb3JJbmRleF07DQogICAgICAgIH0NCg0KwqAgwqAgwqAgwqAgLy8gKipb67OA6rK965CoXSoqIGJvZHnqsIAg7JWE64uMIGhlYWRlciDrsLDqsr3sg4kg7KCB7JqpDQrCoCDCoCDCoCDCoCBkb2N1bWVudC5xdWVyeVNlbGVjdG9yKCdoZWFkZXInKS5zdHlsZS5iYWNrZ3JvdW5kQ29sb3IgPSBzZWxlY3RlZENvbG9yOyAgICA8L3NjcmlwdD4NCg0KPC9ib2R5Pg0KPC9odG1sPg0KRU9G",
            "virtual_machine_id": "32f2bf97-d23c-40e8-86e2-e83f92eef17d",
            "virtual_machine_scale_set_id": "",
            "vm_agent_platform_updates_enabled": false,
            "vtpm_enabled": false,
            "zone": ""
          },
          "sensitive_attributes": [
            [
              {
                "type": "get_attr",
                "value": "admin_password"
              }
            ],
            [
              {
                "type": "get_attr",
                "value": "custom_data"
              }
            ]
          ],
          "identity_schema_version": 0,
          "private": "eyJlMmJmYjczMC1lY2FhLTExZTYtOGY4OC0zNDM2M2JjN2M0YzAiOnsiY3JlYXRlIjoyNzAwMDAwMDAwMDAwLCJkZWxldGUiOjI3MDAwMDAwMDAwMDAsInJlYWQiOjMwMDAwMDAwMDAwMCwidXBkYXRlIjoyNzAwMDAwMDAwMDAwfX0=",
          "dependencies": [
            "module.network.azurerm_network_interface.www_bas_nic",
            "module.network.azurerm_network_interface.www_db_nic",
            "module.network.azurerm_network_interface.www_web1_nic",
            "module.network.azurerm_network_interface.www_web1_v1_nic",
            "module.network.azurerm_network_interface.www_web2_nic",
            "module.network.azurerm_network_interface.www_web2_v1_nic",
            "module.network.azurerm_public_ip.www_basip",
            "module.network.azurerm_subnet.www_bas",
            "module.network.azurerm_subnet.www_db",
            "module.network.azurerm_subnet.www_web1",
            "module.network.azurerm_subnet.www_web1_v1",
            "module.network.azurerm_subnet.www_web2",
            "module.network.azurerm_subnet.www_web2_v1",
            "module.network.azurerm_virtual_network.www_vnet0",
            "module.network.azurerm_virtual_network.www_vnet1"
          ]
        }
      ]
    },
    {
      "module": "module.compute",
      "mode": "managed",
      "type": "azurerm_linux_virtual_machine",
      "name": "www_web2vm",
      "provider": "provider[\"registry.terraform.io/hashicorp/azurerm\"]",
      "instances": [
        {
          "schema_version": 0,
          "attributes": {
            "additional_capabilities": [],
            "admin_password": null,
            "admin_ssh_key": [
              {
                "public_key": "ssh-ed25519 AAAAC3NzaC1lZDI1NTE5AAAAIPQMz6pXp11KhT0hWvtjhfnWCxvVEauRhw7dTgunou4M \r\n",
                "username": "www"
              }
            ],
            "admin_username": "www",
            "allow_extension_operations": true,
            "availability_set_id": "",
            "boot_diagnostics": [
              {
                "storage_account_uri": ""
              }
            ],
            "bypass_platform_safety_checks_on_user_schedule_enabled": false,
            "capacity_reservation_group_id": "",
            "computer_name": "leegh-web2vm",
            "custom_data": null,
            "dedicated_host_group_id": "",
            "dedicated_host_id": "",
            "disable_password_authentication": true,
            "disk_controller_type": "SCSI",
            "edge_zone": "",
            "encryption_at_host_enabled": false,
            "eviction_policy": "",
            "extensions_time_budget": "PT1H30M",
            "gallery_application": [],
            "id": "/subscriptions/99b79efe-ebd6-468c-b39f-5669acb259e1/resourceGroups/04-t1-leegh/providers/Microsoft.Compute/virtualMachines/leegh-web2vm",
            "identity": [
              {
                "identity_ids": [],
                "principal_id": "bc5fd741-35ce-4001-ad60-e2088d2583ae",
                "tenant_id": "548e9ef4-b1d5-48fa-b220-59f52d6db511",
                "type": "SystemAssigned"
              }
            ],
            "license_type": "",
            "location": "koreacentral",
            "max_bid_price": -1,
            "name": "leegh-web2vm",
            "network_interface_ids": [
              "/subscriptions/99b79efe-ebd6-468c-b39f-5669acb259e1/resourceGroups/04-t1-leegh/providers/Microsoft.Network/networkInterfaces/leegh-web2-nic"
            ],
            "os_disk": [
              {
                "caching": "ReadWrite",
                "diff_disk_settings": [],
                "disk_encryption_set_id": "",
                "disk_size_gb": 10,
                "id": "/subscriptions/99b79efe-ebd6-468c-b39f-5669acb259e1/resourceGroups/04-t1-leegh/providers/Microsoft.Compute/disks/leegh-web2vm_OsDisk_1_6bba7291dbda48379b46ea49d8715128",
                "name": "leegh-web2vm_OsDisk_1_6bba7291dbda48379b46ea49d8715128",
                "secure_vm_disk_encryption_set_id": "",
                "security_encryption_type": "",
                "storage_account_type": "Standard_LRS",
                "write_accelerator_enabled": false
              }
            ],
            "os_image_notification": [],
            "os_managed_disk_id": "/subscriptions/99b79efe-ebd6-468c-b39f-5669acb259e1/resourceGroups/04-t1-leegh/providers/Microsoft.Compute/disks/leegh-web2vm_OsDisk_1_6bba7291dbda48379b46ea49d8715128",
            "patch_assessment_mode": "ImageDefault",
            "patch_mode": "ImageDefault",
            "plan": [
              {
                "name": "9-lvm",
                "product": "rockylinux-x86_64",
                "publisher": "resf"
              }
            ],
            "platform_fault_domain": -1,
            "priority": "Regular",
            "private_ip_address": "10.0.3.4",
            "private_ip_addresses": [
              "10.0.3.4"
            ],
            "provision_vm_agent": true,
            "proximity_placement_group_id": "",
            "public_ip_address": "",
            "public_ip_addresses": [],
            "reboot_setting": "",
            "resource_group_name": "04-t1-leegh",
            "secret": [],
            "secure_boot_enabled": false,
            "size": "Standard_B4as_v2",
            "source_image_id": "",
            "source_image_reference": [
              {
                "offer": "rockylinux-x86_64",
                "publisher": "resf",
                "sku": "9-lvm",
                "version": "9.3.20231113"
              }
            ],
            "tags": null,
            "termination_notification": null,
            "timeouts": null,
            "user_data": "IyEgL2Jpbi9iYXNoDQojIOybuSDshJzrsoQg7ISk7KCVIOyKpO2BrOumve2KuCAo64uo7J28IFZN7JqpKQ0KIyBBcGFjaGUsIFBIUCwgV29yZFByZXNzIOyEpOy5mCDrsI8g7ISk7KCVDQpzZXRlbmZvcmNlIDANCmdydWJieSAtLXVwZGF0ZS1rZXJuZWwgQUxMIC0tYXJncyBzZWxpbnV4PTANCmRuZiBpbnN0YWxsIC15IHdnZXQgaHR0cGQgcGhwIHBocC1nZCBwaHAtb3BjYWNoZSBwaHAtbXlzcWxuZA0Kd2dldCBodHRwczovL2tvLndvcmRwcmVzcy5vcmcvd29yZHByZXNzLTYuOC4zLWtvX0tSLnRhci5neg0KdGFyIHh2Znogd29yZHByZXNzLTYuOC4zLWtvX0tSLnRhci5neg0KY3AgLWFyIHdvcmRwcmVzcy8qIC92YXIvd3d3L2h0bWwNCnNlZCAtaSAncy9EaXJlY3RvcnlJbmRleCBpbmRleC5odG1sL0RpcmVjdG9yeUluZGV4IGluZGV4LnBocC9nJyAvZXRjL2h0dHBkL2NvbmYvaHR0cGQuY29uZg0KY3AgL3Zhci93d3cvaHRtbC93cC1jb25maWctc2FtcGxlLnBocCAvdmFyL3d3dy9odG1sL3dwLWNvbmZpZy5waHANCnNlZCAtaSAncy9kYXRhYmFzZV9uYW1lX2hlcmUvd29yZHByZXNzL2cnIC92YXIvd3d3L2h0bWwvd3AtY29uZmlnLnBocA0Kc2VkIC1pICdzL3VzZXJuYW1lX2hlcmUvaHliL2cnIC92YXIvd3d3L2h0bWwvd3AtY29uZmlnLnBocA0Kc2VkIC1pICdzL3Bhc3N3b3JkX2hlcmUvSXQxMjM0NSEvZycgL3Zhci93d3cvaHRtbC93cC1jb25maWcucGhwDQpzZWQgLWkgJ3MvbG9jYWxob3N0LzEwLjAuNS40L2cnIC92YXIvd3d3L2h0bWwvd3AtY29uZmlnLnBocA0KZWNobyAkSE9TVE5BTUUgPiAvdmFyL3d3dy9odG1sL2hlYWx0aC5odG1sDQpzeXN0ZW1jdGwgZW5hYmxlIC0tbm93IGh0dHBkDQoNCg0KDQojIO2ZiO2OmOydtOyngCDstpTqsIANClNFUlZFUl9IT1NUTkFNRT0kKGhvc3RuYW1lKQ0KY2F0IDw8RU9GID4gL3Zhci93d3cvaHRtbC9pbmRleC5odG1sDQo8IURPQ1RZUEUgaHRtbD4NCjxodG1sIGxhbmc9ImtvIj4NCjxoZWFkPg0KICAgIDxtZXRhIGNoYXJzZXQ9IlVURi04Ij4NCiAgICA8bWV0YSBuYW1lPSJ2aWV3cG9ydCIgY29udGVudD0id2lkdGg9ZGV2aWNlLXdpZHRoLCBpbml0aWFsLXNjYWxlPTEuMCI+DQogICAgPHRpdGxlPlRFQU1fMSDtmYjtjpjsnbTsp4A8L3RpdGxlPg0KICAgIDxzdHlsZT4NCiAgICAgICAgLyog7KCE7LK0IOq4sOuzuCDsiqTtg4DsnbwgKi8NCiAgICAgICAgYm9keSB7DQogICAgICAgICAgICBmb250LWZhbWlseTogQXJpYWwsIHNhbnMtc2VyaWY7DQogICAgICAgICAgICBtYXJnaW46IDA7DQogICAgICAgICAgICBwYWRkaW5nOiAwOw0KICAgICAgICAgICAgbGluZS1oZWlnaHQ6IDEuNjsNCiAgICAgICAgICAgIGNvbG9yOiAjMjIyOw0KICAgICAgICAgICAgLyogKipb67OA6rK965CoXSoqIGJvZHkg67Cw6rK97IOJ7J2EIO2dsOyDieycvOuhnCDqs6DsoJUgKENTU+yXkOyEnCDsp4HsoJEg7ISk7KCVKSAqLw0KICAgICAgICAgICAgYmFja2dyb3VuZC1jb2xvcjogI2ZmZmZmZjsgDQogICAgICAgIH0NCg0KICAgICAgICAvKiDsg4Hri6gg7JiB7JetICovDQogICAgICAgIGhlYWRlciB7DQogICAgICAgICAgICAvKiAqKlvrs4Dqsr3rkKhdKiog6riw67O4IOuwsOqyveyDiSDshKTsoJUgKEpT7JeQ7IScIO2YuOyKpO2KuOuEpOyehOyXkCDrlLDrnbwg67OA6rK965CgIOyYiOyglSkgKi8NCiAgICAgICAgICAgIGJhY2tncm91bmQtY29sb3I6ICMwMDA7IA0KICAgICAgICAgICAgY29sb3I6ICNmZmY7DQogICAgICAgICAgICBwYWRkaW5nOiAyNXB4IDIwcHg7DQogICAgICAgICAgICB0ZXh0LWFsaWduOiBjZW50ZXI7DQogICAgICAgICAgICBmb250LXNpemU6IDJlbTsNCiAgICAgICAgICAgIGZvbnQtd2VpZ2h0OiBib2xkOw0KICAgICAgICAgICAgcG9zaXRpb246IHJlbGF0aXZlOw0KICAgICAgICB9DQoNCiAgICAgICAgLyog7Jik66W47Kq9IOychCDtmLjsiqTtirjrhKTsnoQg7ZGc7IucICovDQogICAgICAgICNob3N0bmFtZS1kaXNwbGF5IHsNCiAgICAgICAgICAgIHBvc2l0aW9uOiBhYnNvbHV0ZTsNCiAgICAgICAgICAgIHRvcDogMTBweDsNCiAgICAgICAgICAgIHJpZ2h0OiAyMHB4Ow0KICAgICAgICAgICAgZm9udC1zaXplOiAwLjllbTsNCiAgICAgICAgICAgIGNvbG9yOiAjZmZmOw0KICAgICAgICAgICAgYmFja2dyb3VuZC1jb2xvcjogcmdiYSgwLDAsMCwwLjMpOw0KICAgICAgICAgICAgcGFkZGluZzogNHB4IDhweDsNCiAgICAgICAgICAgIGJvcmRlci1yYWRpdXM6IDVweDsNCiAgICAgICAgfQ0KDQogICAgICAgIC8qIOyEueyFmCDqs7XthrUg7Iqk7YOA7J28ICovDQogICAgICAgIHNlY3Rpb24gew0KICAgICAgICAgICAgcGFkZGluZzogNjBweCAyMHB4Ow0KICAgICAgICAgICAgbWF4LXdpZHRoOiAxMDAwcHg7DQogICAgICAgICAgICBtYXJnaW46IGF1dG87DQogICAgICAgICAgICBjb2xvcjogIzIyMjsNCiAgICAgICAgICAgIC8qICoqW+ywuOqzoF0qKiDshLnshZgg7J6Q7LK064qUIO2dsOyDiSDrsLDqsr3snYQg7Jyg7KeAICovDQogICAgICAgICAgICBiYWNrZ3JvdW5kLWNvbG9yOiAjZmZmZmZmOyANCiAgICAgICAgfQ0KDQogICAgICAgIHNlY3Rpb24gaDIgew0KICAgICAgICAgICAgYm9yZGVyLWJvdHRvbTogM3B4IHNvbGlkICM1NTU7DQogICAgICAgICAgICBwYWRkaW5nLWJvdHRvbTogMTBweDsNCiAgICAgICAgICAgIG1hcmdpbi1ib3R0b206IDI1cHg7DQogICAgICAgICAgICBmb250LXNpemU6IDEuOGVtOw0KICAgICAgICB9DQoNCiAgICAgICAgLyog7IKs7J207Yq4IOyXsOqysCDrp4Htgawg7Iqk7YOA7J28ICovDQogICAgICAgIC5saW5rcyBhIHsNCiAgICAgICAgICAgIGRpc3BsYXk6IGlubGluZS1ibG9jazsNCiAgICAgICAgICAgIG1hcmdpbi1yaWdodDogMTVweDsNCiAgICAgICAgICAgIG1hcmdpbi1ib3R0b206IDEwcHg7DQogICAgICAgICAgICBwYWRkaW5nOiA4cHggMTVweDsNCiAgICAgICAgICAgIGJhY2tncm91bmQtY29sb3I6ICM0NDQ7DQogICAgICAgICAgICBjb2xvcjogI2ZmZjsNCiAgICAgICAgICAgIHRleHQtZGVjb3JhdGlvbjogbm9uZTsNCiAgICAgICAgICAgIGJvcmRlci1yYWRpdXM6IDVweDsNCiAgICAgICAgICAgIGZvbnQtd2VpZ2h0OiA1MDA7DQogICAgICAgICAgICB0cmFuc2l0aW9uOiAwLjNzOw0KICAgICAgICB9DQoNCiAgICAgICAgLmxpbmtzIGE6aG92ZXIgew0KICAgICAgICAgICAgYmFja2dyb3VuZC1jb2xvcjogIzIyMjsNCiAgICAgICAgfQ0KDQogICAgICAgIC8qIOyekOujjCDrpqzsiqTtirggKi8NCiAgICAgICAgLnJlc291cmNlcyB1bCB7DQogICAgICAgICAgICBsaXN0LXN0eWxlLXR5cGU6IHNxdWFyZTsNCiAgICAgICAgICAgIHBhZGRpbmctbGVmdDogMjBweDsNCiAgICAgICAgfQ0KDQogICAgICAgIC5yZXNvdXJjZXMgdWwgbGkgYSB7DQogICAgICAgICAgICBjb2xvcjogIzAwMDsNCiAgICAgICAgICAgIHRleHQtZGVjb3JhdGlvbjogbm9uZTsNCiAgICAgICAgICAgIHRyYW5zaXRpb246IDAuM3M7DQogICAgICAgIH0NCg0KICAgICAgICAucmVzb3VyY2VzIHVsIGxpIGE6aG92ZXIgew0KICAgICAgICAgICAgdGV4dC1kZWNvcmF0aW9uOiB1bmRlcmxpbmU7DQogICAgICAgICAgICBjb2xvcjogIzU1NTsNCiAgICAgICAgfQ0KDQogICAgICAgIC8qIOuwmOydke2YlSAqLw0KICAgICAgICBAbWVkaWEgKG1heC13aWR0aDogNjAwcHgpIHsNCiAgICAgICAgICAgIGhlYWRlciB7IGZvbnQtc2l6ZTogMS41ZW07IHBhZGRpbmc6IDIwcHggMTBweDsgfQ0KICAgICAgICAgICAgc2VjdGlvbiB7IHBhZGRpbmc6IDQwcHggMTVweDsgfQ0KICAgICAgICAgICAgLmxpbmtzIGEgeyBwYWRkaW5nOiA2cHggMTBweDsgbWFyZ2luLXJpZ2h0OiAxMHB4OyB9DQogICAgICAgICAgICAjaG9zdG5hbWUtZGlzcGxheSB7IGZvbnQtc2l6ZTogMC44ZW07IHRvcDogOHB4OyByaWdodDogMTBweDsgfQ0KICAgICAgICB9DQogICAgPC9zdHlsZT4NCjwvaGVhZD4NCjxib2R5Pg0KDQogICAgPGhlYWRlcj4NCiAgICAgICAgVEVBTV8xIEhPTUVQQUdFDQogICAgICAgIDxkaXYgaWQ9Imhvc3RuYW1lLWRpc3BsYXkiPjwvZGl2Pg0KICAgIDwvaGVhZGVyPg0KDQogICAgPHNlY3Rpb24gaWQ9ImhvbWUiPg0KICAgICAgICA8aDI+7ZmIPC9oMj4NCiAgICAgICAgPHA+7ZmY7JiB7ZWp64uI64ukISBURUFNXzEg7ZmI7Y6Y7J207KeA7JeQIOyYpOyLoCDqsoPsnYQg7ZmY7JiB7ZWp64uI64ukLjwvcD4NCiAgICA8L3NlY3Rpb24+DQoNCiAgICA8c2VjdGlvbiBpZD0ibGlua3MiPg0KICAgICAgICA8aDI+7IKs7J207Yq4IOyXsOqysDwvaDI+DQogICAgICAgIDxkaXYgY2xhc3M9ImxpbmtzIj4NCiAgICAgICAgICAgIDxhIGhyZWY9Imh0dHBzOi8vZ2l0aHViLmNvbS9nZ2pnMzMwMjA0L3RlYW1fd3d3IiB0YXJnZXQ9Il9ibGFuayIgdGl0bGU9IkdpdEh1YiDsoIDsnqXshowg7Je06riwIj5HaXRIdWI8L2E+DQogICAgICAgICAgICA8YSBocmVmPSJodHRwczovL2RvY3MuZ29vZ2xlLmNvbS9kb2N1bWVudC9kLzF5VE5tSVVMZUNzRGt6LV9IMUJJOUJXM3NaYl9qSEQyYmh1S0dhNzdzUVhFL2VkaXQ/dXNwPXNoYXJpbmciIHRhcmdldD0iX2JsYW5rIiB0aXRsZT0iR29vZ2xlIERvY3Mg7Je06riwIj5Hb29nbGUgRG9jczwvYT4NCiAgICAgICAgICAgIDxhIGhyZWY9Imh0dHBzOi8vZG9jcy5nb29nbGUuY29tL3ByZXNlbnRhdGlvbi9kLzFQT00yZmVPUjZ0YjZvbGxCQWZZTUl2Z2tIQXR3ZWQ5aUFPcWx6cUlIY3dzL2VkaXQ/dXNwPXNoYXJpbmciIHRhcmdldD0iX2JsYW5rIiB0aXRsZT0iR29vZ2xlIFNsaWRlIOyXtOq4sCI+R29vZ2xlIFNsaWRlPC9hPg0KICAgICAgICA8L2Rpdj4NCiAgICA8L3NlY3Rpb24+DQoNCiAgICA8c2VjdGlvbiBpZD0icmVzb3VyY2VzIj4NCiAgICAgICAgPGgyPu2PrO2KuO2PtOumrOyYpDwvaDI+DQogICAgICAgIDxkaXYgY2xhc3M9InJlc291cmNlcyI+DQogICAgICAgICAgICA8dWw+DQogICAgICAgICAgICAgICAgPGxpPjxhIGhyZWY9IiMiIHRpdGxlPSLsnbTquLDtm4gg7J6Q66OMIOuLpOyatOuhnOuTnCI+7J206riw7ZuIPC9hPjwvbGk+DQogICAgICAgICAgICAgICAgPGxpPjxhIGhyZWY9IiMiIHRpdGxlPSLsnpDro4wgMiDri6TsmrTroZzrk5wiPuyekOujjCAyPC9hPjwvbGk+DQogICAgICAgICAgICAgICAgPGxpPjxhIGhyZWY9IiMiIHRpdGxlPSLsnpDro4wgMyDri6TsmrTroZzrk5wiPuyekOujjCAzPC9hPjwvbGk+DQogICAgICAgICAgICA8L3VsPg0KICAgICAgICA8L2Rpdj4NCiAgICA8L3NlY3Rpb24+DQoNCiAgICA8c2NyaXB0Pg0KICAgICAgICAvLyA9PT09PT09PT09PT09PT09PT09PT09PT09PT09PT09PT09PT09PT09PT09PT0NCiAgICAgICAgLy8gMS4g7YWM7Iqk7Yq47JqpIO2YuOyKpO2KuOuEpOyehCAoUEMgMeuMgOyXkOyEnCDthYzsiqTtirjtlaAg65WMKQ0KICAgICAgICAvL2NvbnN0IFRFU1RfSE9TVE5BTUUgPSAid3d3LXdlYiI7wqANCiAgICAgICAgLy9jb25zdCBURVNUX0hPU1ROQU1FID0gInd3dy12bXNzMDAwMDAxIjvCoA0KICAgICAgICAvL2NvbnN0IFRFU1RfSE9TVE5BTUUgPSAid3d3LXZtc3MwMDAwMDMiO8KgDQogICAgICAgIC8vIFRFU1RfSE9TVE5BTUUg6rCS7J2EIOuwlOq/lOqwgOupsCDsg4nsg4Eg7ZmV7J24IOqwgOuKpSAo7JiIOiAnd3d3LXZtc3MwMDAwMDEnIC0+IOu5qOqwlSkNCiAgICAgICAgLy8gPT09PT09PT09PT09PT09PT09PT09PT09PT09PT09PT09PT09PT09PT09PT09DQoNCiAgICAgICAgLy8gMi4g7Iuk7KCcIO2OmOydtOyngOyXkOyEnOuKlCDshJzrsoTsl5DshJwg7Zi47Iqk7Yq464Sk7J6E7J2EIOyjvOyehQ0KICAgICAgICBjb25zdCBob3N0bmFtZSA9ICcke1NFUlZFUl9IT1NUTkFNRX0nOyAvLyDsi6TsoJwg7ISc67KE7JeQ7IScIOyjvOyehSDsi5wg7KO87ISdIO2VtOygnA0KICAgICAgICAvLyBjb25zdCBob3N0bmFtZSA9IFRFU1RfSE9TVE5BTUU7IC8vIO2FjOyKpO2KuCDsi5wg7KO87ISdIO2VtOygnA0KDQogICAgICAgIC8vIOyVhOuemCDrnbzsnbgg7ZWY64KY66GcIO2FjOyKpO2KuC/si6TsoJwg7Im96rKMIOyghO2ZmCDqsIDriqUNCiAgICAgICAgLy9jb25zdCBob3N0bmFtZSA9IFRFU1RfSE9TVE5BTUU7DQoNCiAgICAgICAgLy8g7Jik66W47Kq9IOychCDtmLjsiqTtirjrhKTsnoQg7ZGc7IucDQogICAgICAgIGRvY3VtZW50LmdldEVsZW1lbnRCeUlkKCJob3N0bmFtZS1kaXNwbGF5IikudGV4dENvbnRlbnQgPSBob3N0bmFtZTsNCg0KICAgICAgICAvLyDrrLTsp4DqsJwg7IOJ7IOBIOuwsOyXtA0KIGNvbnN0IHJhaW5ib3dDb2xvcnMgPSBbDQrCoCDCoCDCoCDCoCAiI0ZGOTk5OSIsIC8vIDA6IOyXsO2VnCDruajqsJUNCsKgIMKgIMKgIMKgIMKgIMKgICIjRkZDOTk5IiwgLy8gMTog7Jew7ZWcIOyjvO2ZqQ0KwqAgwqAgwqAgwqAgwqAgwqAgIiNGRkZGOTkiLCAvLyAyOiDsl7DtlZwg64W4656RDQrCoCDCoCDCoCDCoCDCoCDCoCAiIzk5RkY5OSIsIC8vIDM6IOyXsO2VnCDstIjroZ0NCsKgIMKgIMKgIMKgIMKgIMKgICIjOTk5OUZGIiwgLy8gNDog7Jew7ZWcIO2MjOuekQ0KwqAgwqAgwqAgwqAgwqAgwqAgIiNBMzk5QzgiLCAvLyA1OiDsl7DtlZwg64Ko7IOJDQrCoCDCoCDCoCDCoCDCoCDCoCAiI0M4OTlGRiLCoCAvLyA2OiDsl7DtlZwg67O06528DQrCoCDCoCDCoCDCoCBdOw0KDQrCoCDCoCDCoCDCoCBsZXQgc2VsZWN0ZWRDb2xvciA9ICIjMDAwMDAwIjsgLy8g6riw67O4IOqygOygleyDiQ0KICAgICAgICBsZXQgaW5zdGFuY2VOdW1iZXIgPSBudWxsOyAvLyDsnbjsiqTthLTsiqQg67KI7Zi466W8IOyggOyepe2VoCDrs4DsiJgNCg0KICAgICAgICAvLyAxLiB3d3ctIOygkeuRkOyCrOyXkCDqtIDqs4Tsl4bsnbQgW+ygkeuRkOyCrF0tdm1zc1s27J6Q66asIOyIq+yekF0g7Yyo7YS0IOyymOumrA0KICAgICAgICBpZiAoLy12bXNzXGR7Nn0kLy50ZXN0KGhvc3RuYW1lKSkgew0KICAgICAgICAgICAgLy8g7Zi47Iqk7Yq464Sk7J6EIOuBnSA27J6Q66asIOyIq+yekOulvCDstpTstpwNCiAgICAgICAgICAgIGNvbnN0IG1hdGNoID0gaG9zdG5hbWUubWF0Y2goL1xkezZ9JC8pOw0KICAgICAgICAgICAgaWYgKG1hdGNoKSB7DQogICAgICAgICAgICAgICAgLy8gNuyekOumrCDsiKvsnpDrpbwg7KCV7IiY66GcIOuzgO2ZmCAo7JiIOiAwMDAwMDEgLT4gMSkNCiAgICAgICAgICAgICAgICBpbnN0YW5jZU51bWJlciA9IHBhcnNlSW50KG1hdGNoWzBdLCAxMCk7DQogICAgICAgICAgICB9DQogICAgICAgIH0gDQogICAgICAgIA0KICAgICAgICAvLyAyLiB3d3ctIOygkeuRkOyCrOyXkCDqtIDqs4Tsl4bsnbQgW+ygkeuRkOyCrF0td2ViW+yIq+yekF12bSDtjKjthLQg7LKY66asDQogICAgICAgIGVsc2UgaWYgKC8td2ViXGQrdm0kLy50ZXN0KGhvc3RuYW1lKSkgew0KICAgICAgICAgICAgLy8gd2Vi6rO8IHZtIOyCrOydtOyXkCDsnojripQg7Iir7J6Q66W8IOy2lOy2nA0KICAgICAgICAgICAgY29uc3QgbWF0Y2ggPSBob3N0bmFtZS5tYXRjaCgvd2ViKFxkKyl2bSQvKTsNCiAgICAgICAgICAgIGlmIChtYXRjaCAmJiBtYXRjaFsxXSkgew0KICAgICAgICAgICAgICAgIC8vIOyIq+yekOulvCDsoJXsiJjroZwg67OA7ZmYICjsmIg6IHdlYjF2bSAtPiAxKQ0KICAgICAgICAgICAgICAgIGluc3RhbmNlTnVtYmVyID0gcGFyc2VJbnQobWF0Y2hbMV0sIDEwKTsNCiAgICAgICAgICAgIH0NCiAgICAgICAgfQ0KICAgICAgICANCiAgICAgICAgLy8g7J247Iqk7YS07IqkIOuyiO2YuOqwgCDsnKDtmqjtlaAg6rK97JqwIOyDieyDgSDtlaDri7kNCiAgICAgICAgaWYgKGluc3RhbmNlTnVtYmVyICE9PSBudWxsICYmIGluc3RhbmNlTnVtYmVyID4gMCkgew0KICAgICAgICAgICAgLy8g7Iir7J6Q66W8IOuwsOyXtCDquLjsnbTroZwg64KY64iIIOuCmOuouOyngOuhnCDsnbjrjbHsiqQg6rKw7KCVICjsiJztmZgpDQogICAgICAgICAgICAvLyDsnbjrjbHsiqTripQgMOu2gO2EsCDsi5zsnpHtlZjrr4DroZwsIDHrsogg7J247Iqk7YS07Iqk64qUIDDrsogg7J24642x7Iqk7JeQIOunpO2VkeuQmOuPhOuhnSAtMeydhCDsgqzsmqkNCiAgICAgICAgICAgIGNvbnN0IGNvbG9ySW5kZXggPSAoaW5zdGFuY2VOdW1iZXIgLSAxKSAlIHJhaW5ib3dDb2xvcnMubGVuZ3RoOw0KICAgICAgICAgICAgc2VsZWN0ZWRDb2xvciA9IHJhaW5ib3dDb2xvcnNbY29sb3JJbmRleF07DQogICAgICAgIH0NCg0KwqAgwqAgwqAgwqAgLy8gKipb67OA6rK965CoXSoqIGJvZHnqsIAg7JWE64uMIGhlYWRlciDrsLDqsr3sg4kg7KCB7JqpDQrCoCDCoCDCoCDCoCBkb2N1bWVudC5xdWVyeVNlbGVjdG9yKCdoZWFkZXInKS5zdHlsZS5iYWNrZ3JvdW5kQ29sb3IgPSBzZWxlY3RlZENvbG9yOyAgICA8L3NjcmlwdD4NCg0KPC9ib2R5Pg0KPC9odG1sPg0KRU9G",
            "virtual_machine_id": "b6d506a9-da59-46ba-8d7b-0c57aacc188d",
            "virtual_machine_scale_set_id": "",
            "vm_agent_platform_updates_enabled": false,
            "vtpm_enabled": false,
            "zone": ""
          },
          "sensitive_attributes": [
            [
              {
                "type": "get_attr",
                "value": "admin_password"
              }
            ],
            [
              {
                "type": "get_attr",
                "value": "custom_data"
              }
            ]
          ],
          "identity_schema_version": 0,
          "private": "eyJlMmJmYjczMC1lY2FhLTExZTYtOGY4OC0zNDM2M2JjN2M0YzAiOnsiY3JlYXRlIjoyNzAwMDAwMDAwMDAwLCJkZWxldGUiOjI3MDAwMDAwMDAwMDAsInJlYWQiOjMwMDAwMDAwMDAwMCwidXBkYXRlIjoyNzAwMDAwMDAwMDAwfX0=",
          "dependencies": [
            "module.network.azurerm_network_interface.www_bas_nic",
            "module.network.azurerm_network_interface.www_db_nic",
            "module.network.azurerm_network_interface.www_web1_nic",
            "module.network.azurerm_network_interface.www_web1_v1_nic",
            "module.network.azurerm_network_interface.www_web2_nic",
            "module.network.azurerm_network_interface.www_web2_v1_nic",
            "module.network.azurerm_public_ip.www_basip",
            "module.network.azurerm_subnet.www_bas",
            "module.network.azurerm_subnet.www_db",
            "module.network.azurerm_subnet.www_web1",
            "module.network.azurerm_subnet.www_web1_v1",
            "module.network.azurerm_subnet.www_web2",
            "module.network.azurerm_subnet.www_web2_v1",
            "module.network.azurerm_virtual_network.www_vnet0",
            "module.network.azurerm_virtual_network.www_vnet1"
          ]
        }
      ]
    },
    {
      "module": "module.compute",
      "mode": "managed",
      "type": "azurerm_managed_disk",
      "name": "www_disk",
      "provider": "provider[\"registry.terraform.io/hashicorp/azurerm\"]",
      "instances": [
        {
          "schema_version": 1,
          "attributes": {
            "create_option": "Copy",
            "disk_access_id": "",
            "disk_encryption_set_id": "",
            "disk_iops_read_only": 0,
            "disk_iops_read_write": 500,
            "disk_mbps_read_only": 0,
            "disk_mbps_read_write": 100,
            "disk_size_gb": 10,
            "edge_zone": "",
            "encryption_settings": [],
            "gallery_image_reference_id": "",
            "hyper_v_generation": "V2",
            "id": "/subscriptions/99b79efe-ebd6-468c-b39f-5669acb259e1/resourceGroups/04-t1-leegh/providers/Microsoft.Compute/disks/www-disk",
            "image_reference_id": "",
            "location": "koreacentral",
            "logical_sector_size": null,
            "max_shares": 0,
            "name": "www-disk",
            "network_access_policy": "AllowAll",
            "on_demand_bursting_enabled": false,
            "optimized_frequent_attach_enabled": false,
            "os_type": "Linux",
            "performance_plus_enabled": false,
            "public_network_access_enabled": true,
            "resource_group_name": "04-t1-leegh",
            "secure_vm_disk_encryption_set_id": "",
            "security_type": "",
            "source_resource_id": "/subscriptions/99b79efe-ebd6-468c-b39f-5669acb259e1/resourceGroups/04-t1-leegh/providers/Microsoft.Compute/disks/leegh-web2vm_OsDisk_1_6bba7291dbda48379b46ea49d8715128",
            "source_uri": "",
            "storage_account_id": "",
            "storage_account_type": "StandardSSD_LRS",
            "tags": null,
            "tier": "",
            "timeouts": null,
            "trusted_launch_enabled": false,
            "upload_size_bytes": 0,
            "zone": ""
          },
          "sensitive_attributes": [],
          "identity_schema_version": 0,
          "identity": {
            "name": "www-disk",
            "resource_group_name": "04-t1-leegh",
            "subscription_id": "99b79efe-ebd6-468c-b39f-5669acb259e1"
          },
          "private": "eyJlMmJmYjczMC1lY2FhLTExZTYtOGY4OC0zNDM2M2JjN2M0YzAiOnsiY3JlYXRlIjoxODAwMDAwMDAwMDAwLCJkZWxldGUiOjE4MDAwMDAwMDAwMDAsInJlYWQiOjMwMDAwMDAwMDAwMCwidXBkYXRlIjoxODAwMDAwMDAwMDAwfSwic2NoZW1hX3ZlcnNpb24iOiIxIn0=",
          "dependencies": [
            "module.compute.azurerm_linux_virtual_machine.www_web2vm",
            "module.compute.null_resource.www_web2_deallocate",
            "module.network.azurerm_network_interface.www_bas_nic",
            "module.network.azurerm_network_interface.www_db_nic",
            "module.network.azurerm_network_interface.www_web1_nic",
            "module.network.azurerm_network_interface.www_web1_v1_nic",
            "module.network.azurerm_network_interface.www_web2_nic",
            "module.network.azurerm_network_interface.www_web2_v1_nic",
            "module.network.azurerm_public_ip.www_basip",
            "module.network.azurerm_subnet.www_bas",
            "module.network.azurerm_subnet.www_db",
            "module.network.azurerm_subnet.www_web1",
            "module.network.azurerm_subnet.www_web1_v1",
            "module.network.azurerm_subnet.www_web2",
            "module.network.azurerm_subnet.www_web2_v1",
            "module.network.azurerm_virtual_network.www_vnet0",
            "module.network.azurerm_virtual_network.www_vnet1"
          ]
        }
      ]
    },
    {
      "module": "module.compute",
      "mode": "managed",
      "type": "azurerm_shared_image",
      "name": "www_sig_image",
      "provider": "provider[\"registry.terraform.io/hashicorp/azurerm\"]",
      "instances": [
        {
          "schema_version": 0,
          "attributes": {
            "accelerated_network_support_enabled": false,
            "architecture": "x64",
            "confidential_vm_enabled": false,
            "confidential_vm_supported": false,
            "description": "",
            "disk_controller_type_nvme_enabled": false,
            "disk_types_not_allowed": [],
            "end_of_life_date": null,
            "eula": "",
            "gallery_name": "wwwgallery",
            "hibernation_enabled": false,
            "hyper_v_generation": "V2",
            "id": "/subscriptions/99b79efe-ebd6-468c-b39f-5669acb259e1/resourceGroups/04-t1-leegh/providers/Microsoft.Compute/galleries/wwwgallery/images/www-image",
            "identifier": [
              {
                "offer": "rockylinux-x86_64",
                "publisher": "resf",
                "sku": "9-lvm"
              }
            ],
            "location": "koreacentral",
            "max_recommended_memory_in_gb": 4,
            "max_recommended_vcpu_count": 2,
            "min_recommended_memory_in_gb": 2,
            "min_recommended_vcpu_count": 1,
            "name": "www-image",
            "os_type": "Linux",
            "privacy_statement_uri": "",
            "purchase_plan": [],
            "release_note_uri": "",
            "resource_group_name": "04-t1-leegh",
            "specialized": false,
            "tags": {},
            "timeouts": null,
            "trusted_launch_enabled": false,
            "trusted_launch_supported": false
          },
          "sensitive_attributes": [],
          "identity_schema_version": 0,
          "identity": {
            "gallery_name": "wwwgallery",
            "name": "www-image",
            "resource_group_name": "04-t1-leegh",
            "subscription_id": "99b79efe-ebd6-468c-b39f-5669acb259e1"
          },
          "private": "eyJlMmJmYjczMC1lY2FhLTExZTYtOGY4OC0zNDM2M2JjN2M0YzAiOnsiY3JlYXRlIjoxODAwMDAwMDAwMDAwLCJkZWxldGUiOjE4MDAwMDAwMDAwMDAsInJlYWQiOjMwMDAwMDAwMDAwMCwidXBkYXRlIjoxODAwMDAwMDAwMDAwfX0=",
          "dependencies": [
            "module.compute.azurerm_shared_image_gallery.www_gallery"
          ]
        }
      ]
    },
    {
      "module": "module.compute",
      "mode": "managed",
      "type": "azurerm_shared_image_gallery",
      "name": "www_gallery",
      "provider": "provider[\"registry.terraform.io/hashicorp/azurerm\"]",
      "instances": [
        {
          "schema_version": 0,
          "attributes": {
            "description": "",
            "id": "/subscriptions/99b79efe-ebd6-468c-b39f-5669acb259e1/resourceGroups/04-t1-leegh/providers/Microsoft.Compute/galleries/wwwgallery",
            "location": "koreacentral",
            "name": "wwwgallery",
            "resource_group_name": "04-t1-leegh",
            "sharing": [],
            "tags": {},
            "timeouts": null,
            "unique_name": "99b79efe-ebd6-468c-b39f-5669acb259e1-WWWGALLERY"
          },
          "sensitive_attributes": [],
          "identity_schema_version": 0,
          "identity": {
            "name": "wwwgallery",
            "resource_group_name": "04-t1-leegh",
            "subscription_id": "99b79efe-ebd6-468c-b39f-5669acb259e1"
          },
          "private": "eyJlMmJmYjczMC1lY2FhLTExZTYtOGY4OC0zNDM2M2JjN2M0YzAiOnsiY3JlYXRlIjoxODAwMDAwMDAwMDAwLCJkZWxldGUiOjE4MDAwMDAwMDAwMDAsInJlYWQiOjMwMDAwMDAwMDAwMCwidXBkYXRlIjoxODAwMDAwMDAwMDAwfX0="
        }
      ]
    },
    {
      "module": "module.compute",
      "mode": "managed",
      "type": "azurerm_shared_image_version",
      "name": "www_version",
      "provider": "provider[\"registry.terraform.io/hashicorp/azurerm\"]",
      "instances": [
        {
          "schema_version": 0,
          "attributes": {
            "blob_uri": "",
            "deletion_of_replicated_locations_enabled": false,
            "end_of_life_date": null,
            "exclude_from_latest": false,
            "gallery_name": "wwwgallery",
            "id": "/subscriptions/99b79efe-ebd6-468c-b39f-5669acb259e1/resourceGroups/04-t1-leegh/providers/Microsoft.Compute/galleries/wwwgallery/images/www-image/versions/1.0.0",
            "image_name": "www-image",
            "location": "koreacentral",
            "managed_image_id": "/subscriptions/99b79efe-ebd6-468c-b39f-5669acb259e1/resourceGroups/04-t1-leegh/providers/Microsoft.Compute/images/www-image",
            "name": "1.0.0",
            "os_disk_snapshot_id": "",
            "replication_mode": "Full",
            "resource_group_name": "04-t1-leegh",
            "storage_account_id": "",
            "tags": null,
            "target_region": [
              {
                "disk_encryption_set_id": "",
                "exclude_from_latest_enabled": false,
                "name": "koreacentral",
                "regional_replica_count": 1,
                "storage_account_type": "Standard_LRS"
              }
            ],
            "timeouts": null
          },
          "sensitive_attributes": [],
          "identity_schema_version": 0,
          "private": "eyJlMmJmYjczMC1lY2FhLTExZTYtOGY4OC0zNDM2M2JjN2M0YzAiOnsiY3JlYXRlIjoxODAwMDAwMDAwMDAwLCJkZWxldGUiOjE4MDAwMDAwMDAwMDAsInJlYWQiOjMwMDAwMDAwMDAwMCwidXBkYXRlIjoxODAwMDAwMDAwMDAwfX0=",
          "dependencies": [
            "module.compute.azurerm_image.www_image",
            "module.compute.azurerm_linux_virtual_machine.www_web2vm",
            "module.compute.azurerm_managed_disk.www_disk",
            "module.compute.azurerm_shared_image.www_sig_image",
            "module.compute.azurerm_shared_image_gallery.www_gallery",
            "module.compute.null_resource.www_web2_deallocate",
            "module.network.azurerm_network_interface.www_bas_nic",
            "module.network.azurerm_network_interface.www_db_nic",
            "module.network.azurerm_network_interface.www_web1_nic",
            "module.network.azurerm_network_interface.www_web1_v1_nic",
            "module.network.azurerm_network_interface.www_web2_nic",
            "module.network.azurerm_network_interface.www_web2_v1_nic",
            "module.network.azurerm_public_ip.www_basip",
            "module.network.azurerm_subnet.www_bas",
            "module.network.azurerm_subnet.www_db",
            "module.network.azurerm_subnet.www_web1",
            "module.network.azurerm_subnet.www_web1_v1",
            "module.network.azurerm_subnet.www_web2",
            "module.network.azurerm_subnet.www_web2_v1",
            "module.network.azurerm_virtual_network.www_vnet0",
            "module.network.azurerm_virtual_network.www_vnet1"
          ]
        }
      ]
    },
    {
      "module": "module.compute",
      "mode": "managed",
      "type": "null_resource",
      "name": "www_web2_deallocate",
      "provider": "provider[\"registry.terraform.io/hashicorp/null\"]",
      "instances": [
        {
          "schema_version": 0,
          "attributes": {
            "id": "1910588975491390156",
            "triggers": {
              "virtual_machine_id": "/subscriptions/99b79efe-ebd6-468c-b39f-5669acb259e1/resourceGroups/04-t1-leegh/providers/Microsoft.Compute/virtualMachines/leegh-web2vm"
            }
          },
          "sensitive_attributes": [],
          "identity_schema_version": 0,
          "dependencies": [
            "module.compute.azurerm_linux_virtual_machine.www_web2vm",
            "module.network.azurerm_network_interface.www_bas_nic",
            "module.network.azurerm_network_interface.www_db_nic",
            "module.network.azurerm_network_interface.www_web1_nic",
            "module.network.azurerm_network_interface.www_web1_v1_nic",
            "module.network.azurerm_network_interface.www_web2_nic",
            "module.network.azurerm_network_interface.www_web2_v1_nic",
            "module.network.azurerm_public_ip.www_basip",
            "module.network.azurerm_subnet.www_bas",
            "module.network.azurerm_subnet.www_db",
            "module.network.azurerm_subnet.www_web1",
            "module.network.azurerm_subnet.www_web1_v1",
            "module.network.azurerm_subnet.www_web2",
            "module.network.azurerm_subnet.www_web2_v1",
            "module.network.azurerm_virtual_network.www_vnet0",
            "module.network.azurerm_virtual_network.www_vnet1"
          ]
        }
      ]
    },
    {
      "module": "module.db",
      "mode": "managed",
      "type": "azurerm_data_factory",
      "name": "www_adf",
      "provider": "provider[\"registry.terraform.io/hashicorp/azurerm\"]",
      "instances": [
        {
          "schema_version": 2,
          "attributes": {
            "customer_managed_key_id": "",
            "customer_managed_key_identity_id": "",
            "github_configuration": [],
            "global_parameter": [],
            "id": "/subscriptions/99b79efe-ebd6-468c-b39f-5669acb259e1/resourceGroups/04-t1-leegh/providers/Microsoft.DataFactory/factories/www-adf-mefo",
            "identity": [
              {
                "identity_ids": [],
                "principal_id": "adc6cb78-7f97-42da-8e3a-b64a8becdb94",
                "tenant_id": "548e9ef4-b1d5-48fa-b220-59f52d6db511",
                "type": "SystemAssigned"
              }
            ],
            "location": "koreacentral",
            "managed_virtual_network_enabled": false,
            "name": "www-adf-mefo",
            "public_network_enabled": true,
            "purview_id": "",
            "resource_group_name": "04-t1-leegh",
            "tags": {
              "purpose": "MySQL Backup Pipeline"
            },
            "timeouts": null,
            "vsts_configuration": []
          },
          "sensitive_attributes": [],
          "identity_schema_version": 0,
          "private": "eyJlMmJmYjczMC1lY2FhLTExZTYtOGY4OC0zNDM2M2JjN2M0YzAiOnsiY3JlYXRlIjoxODAwMDAwMDAwMDAwLCJkZWxldGUiOjE4MDAwMDAwMDAwMDAsInJlYWQiOjMwMDAwMDAwMDAwMCwidXBkYXRlIjoxODAwMDAwMDAwMDAwfSwic2NoZW1hX3ZlcnNpb24iOiIyIn0=",
          "dependencies": [
            "module.db.random_string.adf_suffix"
          ]
        }
      ]
    },
    {
      "module": "module.db",
      "mode": "managed",
      "type": "azurerm_data_factory_dataset_delimited_text",
      "name": "blob_dataset",
      "provider": "provider[\"registry.terraform.io/hashicorp/azurerm\"]",
      "instances": [
        {
          "schema_version": 0,
          "attributes": {
            "additional_properties": {},
            "annotations": [],
            "azure_blob_fs_location": [],
            "azure_blob_storage_location": [
              {
                "container": "mysql-backups",
                "dynamic_container_enabled": false,
                "dynamic_filename_enabled": false,
                "dynamic_path_enabled": false,
                "filename": "backup.csv",
                "path": ""
              }
            ],
            "column_delimiter": ",",
            "compression_codec": null,
            "compression_level": null,
            "data_factory_id": "/subscriptions/99b79efe-ebd6-468c-b39f-5669acb259e1/resourceGroups/04-t1-leegh/providers/Microsoft.DataFactory/factories/www-adf-mefo",
            "description": "",
            "encoding": "UTF-8",
            "escape_character": "\\",
            "first_row_as_header": true,
            "folder": null,
            "http_server_location": [],
            "id": "/subscriptions/99b79efe-ebd6-468c-b39f-5669acb259e1/resourceGroups/04-t1-leegh/providers/Microsoft.DataFactory/factories/www-adf-mefo/datasets/BlobBackupDataset",
            "linked_service_name": "BlobStorageDestination",
            "name": "BlobBackupDataset",
            "null_value": "",
            "parameters": {},
            "quote_character": "\"",
            "row_delimiter": "\n",
            "schema_column": [],
            "timeouts": null
          },
          "sensitive_attributes": [],
          "identity_schema_version": 0,
          "private": "eyJlMmJmYjczMC1lY2FhLTExZTYtOGY4OC0zNDM2M2JjN2M0YzAiOnsiY3JlYXRlIjoxODAwMDAwMDAwMDAwLCJkZWxldGUiOjE4MDAwMDAwMDAwMDAsInJlYWQiOjMwMDAwMDAwMDAwMCwidXBkYXRlIjoxODAwMDAwMDAwMDAwfX0=",
          "dependencies": [
            "module.db.azurerm_data_factory.www_adf",
            "module.db.azurerm_data_factory_linked_service_azure_blob_storage.blob_dest",
            "module.db.random_string.adf_suffix",
            "module.network.azurerm_subnet.www_db",
            "module.network.azurerm_virtual_network.www_vnet0",
            "module.storage.azurerm_storage_account.www_sa"
          ]
        }
      ]
    },
    {
      "module": "module.db",
      "mode": "managed",
      "type": "azurerm_data_factory_linked_service_azure_blob_storage",
      "name": "blob_dest",
      "provider": "provider[\"registry.terraform.io/hashicorp/azurerm\"]",
      "instances": [
        {
          "schema_version": 0,
          "attributes": {
            "additional_properties": {},
            "annotations": [],
            "connection_string": "DefaultEndpointsProtocol=https;AccountName=wwwstorage04t1leegh;AccountKey=29OadpPCqX+irnQpmfr3OkYwL4WdfYW1/2smnVPTM0VXS7/Hze9mx7ziGdKxUBAKKDT4d7NYfU6E+AStkK11UQ==;EndpointSuffix=core.windows.net",
            "connection_string_insecure": null,
            "data_factory_id": "/subscriptions/99b79efe-ebd6-468c-b39f-5669acb259e1/resourceGroups/04-t1-leegh/providers/Microsoft.DataFactory/factories/www-adf-mefo",
            "description": "",
            "id": "/subscriptions/99b79efe-ebd6-468c-b39f-5669acb259e1/resourceGroups/04-t1-leegh/providers/Microsoft.DataFactory/factories/www-adf-mefo/linkedservices/BlobStorageDestination",
            "integration_runtime_name": null,
            "key_vault_sas_token": [],
            "name": "BlobStorageDestination",
            "parameters": {},
            "sas_uri": null,
            "service_endpoint": null,
            "service_principal_id": "",
            "service_principal_key": null,
            "service_principal_linked_key_vault_key": [],
            "storage_kind": "",
            "tenant_id": "",
            "timeouts": null,
            "use_managed_identity": false
          },
          "sensitive_attributes": [
            [
              {
                "type": "get_attr",
                "value": "connection_string"
              }
            ],
            [
              {
                "type": "get_attr",
                "value": "sas_uri"
              }
            ],
            [
              {
                "type": "get_attr",
                "value": "service_endpoint"
              }
            ]
          ],
          "identity_schema_version": 0,
          "private": "eyJlMmJmYjczMC1lY2FhLTExZTYtOGY4OC0zNDM2M2JjN2M0YzAiOnsiY3JlYXRlIjoxODAwMDAwMDAwMDAwLCJkZWxldGUiOjE4MDAwMDAwMDAwMDAsInJlYWQiOjMwMDAwMDAwMDAwMCwidXBkYXRlIjoxODAwMDAwMDAwMDAwfX0=",
          "dependencies": [
            "module.db.azurerm_data_factory.www_adf",
            "module.db.random_string.adf_suffix",
            "module.network.azurerm_subnet.www_db",
            "module.network.azurerm_virtual_network.www_vnet0",
            "module.storage.azurerm_storage_account.www_sa"
          ]
        }
      ]
    },
    {
      "module": "module.db",
      "mode": "managed",
      "type": "azurerm_log_analytics_workspace",
      "name": "log",
      "provider": "provider[\"registry.terraform.io/hashicorp/azurerm\"]",
      "instances": [
        {
          "schema_version": 3,
          "attributes": {
            "allow_resource_only_permissions": true,
            "cmk_for_query_forced": false,
            "daily_quota_gb": -1,
            "data_collection_rule_id": "",
            "id": "/subscriptions/99b79efe-ebd6-468c-b39f-5669acb259e1/resourceGroups/04-t1-leegh/providers/Microsoft.OperationalInsights/workspaces/leegh-log-analytics",
            "identity": [],
            "immediate_data_purge_on_30_days_enabled": false,
            "internet_ingestion_enabled": true,
            "internet_query_enabled": true,
            "local_authentication_disabled": false,
            "local_authentication_enabled": true,
            "location": "koreacentral",
            "name": "leegh-log-analytics",
            "primary_shared_key": "ZTfGmiYPai+KVgwc1r9cXG3GOIztIYXFmx2FYExFE3Vm+3NpQ6sCgE0hH4qfE03Pj1fDEWiThZ21TTL2UYQXEA==",
            "reservation_capacity_in_gb_per_day": null,
            "resource_group_name": "04-t1-leegh",
            "retention_in_days": 30,
            "secondary_shared_key": "BgjQZSIVk/4IOQmJpzG68iWkbZXM/3niS6tpq4zJp+eC0vHhyI3dY0Y8wY7fIctXqnOsk39tRnBhnJSdXO1qbA==",
            "sku": "PerGB2018",
            "tags": {},
            "timeouts": null,
            "workspace_id": "dbae8774-e89d-4cc4-8867-ec878f60a4c5"
          },
          "sensitive_attributes": [
            [
              {
                "type": "get_attr",
                "value": "primary_shared_key"
              }
            ],
            [
              {
                "type": "get_attr",
                "value": "secondary_shared_key"
              }
            ]
          ],
          "identity_schema_version": 0,
          "private": "eyJlMmJmYjczMC1lY2FhLTExZTYtOGY4OC0zNDM2M2JjN2M0YzAiOnsiY3JlYXRlIjoxODAwMDAwMDAwMDAwLCJkZWxldGUiOjE4MDAwMDAwMDAwMDAsInJlYWQiOjMwMDAwMDAwMDAwMCwidXBkYXRlIjoxODAwMDAwMDAwMDAwfSwic2NoZW1hX3ZlcnNpb24iOiIzIn0="
        }
      ]
    },
    {
      "module": "module.db",
      "mode": "managed",
      "type": "azurerm_monitor_diagnostic_setting",
      "name": "mysql_audit",
      "provider": "provider[\"registry.terraform.io/hashicorp/azurerm\"]",
      "instances": [
        {
          "schema_version": 0,
          "attributes": {
            "enabled_log": [
              {
                "category": "",
                "category_group": "audit",
                "retention_policy": [
                  {
                    "days": 0,
                    "enabled": false
                  }
                ]
              }
            ],
            "enabled_metric": [],
            "eventhub_authorization_rule_id": "",
            "eventhub_name": "",
            "id": "/subscriptions/99b79efe-ebd6-468c-b39f-5669acb259e1/resourceGroups/04-t1-leegh/providers/Microsoft.DBforMySQL/flexibleServers/www-mysql-server-xm6d|mysql-audit-logs",
            "log_analytics_destination_type": "AzureDiagnostics",
            "log_analytics_workspace_id": "/subscriptions/99b79efe-ebd6-468c-b39f-5669acb259e1/resourceGroups/04-t1-leegh/providers/Microsoft.OperationalInsights/workspaces/leegh-log-analytics",
            "metric": [
              {
                "category": "AllMetrics",
                "enabled": false,
                "retention_policy": [
                  {
                    "days": 0,
                    "enabled": false
                  }
                ]
              }
            ],
            "name": "mysql-audit-logs",
            "partner_solution_id": null,
            "storage_account_id": null,
            "target_resource_id": "/subscriptions/99b79efe-ebd6-468c-b39f-5669acb259e1/resourceGroups/04-t1-leegh/providers/Microsoft.DBforMySQL/flexibleServers/www-mysql-server-xm6d",
            "timeouts": null
          },
          "sensitive_attributes": [],
          "identity_schema_version": 0,
          "private": "eyJlMmJmYjczMC1lY2FhLTExZTYtOGY4OC0zNDM2M2JjN2M0YzAiOnsiY3JlYXRlIjoxODAwMDAwMDAwMDAwLCJkZWxldGUiOjM2MDAwMDAwMDAwMDAsInJlYWQiOjMwMDAwMDAwMDAwMCwidXBkYXRlIjoxODAwMDAwMDAwMDAwfX0=",
          "dependencies": [
            "module.db.azurerm_log_analytics_workspace.log",
            "module.db.azurerm_mysql_flexible_server.www_mysql",
            "module.db.random_string.mysql_suffix"
          ]
        }
      ]
    },
    {
      "module": "module.db",
      "mode": "managed",
      "type": "azurerm_mysql_flexible_database",
      "name": "www_db",
      "provider": "provider[\"registry.terraform.io/hashicorp/azurerm\"]",
      "instances": [
        {
          "schema_version": 0,
          "attributes": {
            "charset": "utf8mb3",
            "collation": "utf8mb3_general_ci",
            "id": "/subscriptions/99b79efe-ebd6-468c-b39f-5669acb259e1/resourceGroups/04-t1-leegh/providers/Microsoft.DBforMySQL/flexibleServers/www-mysql-server-xm6d/databases/www_sql",
            "name": "www_sql",
            "resource_group_name": "04-t1-leegh",
            "server_name": "www-mysql-server-xm6d",
            "timeouts": null
          },
          "sensitive_attributes": [],
          "identity_schema_version": 0,
          "private": "eyJlMmJmYjczMC1lY2FhLTExZTYtOGY4OC0zNDM2M2JjN2M0YzAiOnsiY3JlYXRlIjozNjAwMDAwMDAwMDAwLCJkZWxldGUiOjM2MDAwMDAwMDAwMDAsInJlYWQiOjMwMDAwMDAwMDAwMH19",
          "dependencies": [
            "module.db.azurerm_mysql_flexible_server.www_mysql",
            "module.db.random_string.mysql_suffix"
          ]
        }
      ]
    },
    {
      "module": "module.db",
      "mode": "managed",
      "type": "azurerm_mysql_flexible_server",
      "name": "www_mysql",
      "provider": "provider[\"registry.terraform.io/hashicorp/azurerm\"]",
      "instances": [
        {
          "schema_version": 0,
          "attributes": {
            "administrator_login": "www",
            "administrator_password": "It12345!",
            "administrator_password_wo": null,
            "administrator_password_wo_version": 0,
            "backup_retention_days": 35,
            "create_mode": null,
            "customer_managed_key": [],
            "delegated_subnet_id": "",
            "fqdn": "www-mysql-server-xm6d.mysql.database.azure.com",
            "geo_redundant_backup_enabled": false,
            "high_availability": [],
            "id": "/subscriptions/99b79efe-ebd6-468c-b39f-5669acb259e1/resourceGroups/04-t1-leegh/providers/Microsoft.DBforMySQL/flexibleServers/www-mysql-server-xm6d",
            "identity": [],
            "location": "koreacentral",
            "maintenance_window": [],
            "name": "www-mysql-server-xm6d",
            "point_in_time_restore_time_in_utc": null,
            "private_dns_zone_id": "",
            "public_network_access": "Enabled",
            "public_network_access_enabled": true,
            "replica_capacity": 10,
            "replication_role": "None",
            "resource_group_name": "04-t1-leegh",
            "sku_name": "GP_Standard_D4ds_v4",
            "source_server_id": "",
            "storage": [
              {
                "auto_grow_enabled": true,
                "io_scaling_enabled": false,
                "iops": 360,
                "log_on_disk_enabled": false,
                "size_gb": 20
              }
            ],
            "tags": {},
            "timeouts": null,
            "version": "8.0.21",
            "zone": "1"
          },
          "sensitive_attributes": [
            [
              {
                "type": "get_attr",
                "value": "administrator_password"
              }
            ]
          ],
          "identity_schema_version": 0,
          "private": "eyJlMmJmYjczMC1lY2FhLTExZTYtOGY4OC0zNDM2M2JjN2M0YzAiOnsiY3JlYXRlIjo3MjAwMDAwMDAwMDAwLCJkZWxldGUiOjM2MDAwMDAwMDAwMDAsInJlYWQiOjMwMDAwMDAwMDAwMCwidXBkYXRlIjo3MjAwMDAwMDAwMDAwfX0=",
          "dependencies": [
            "module.db.random_string.mysql_suffix"
          ]
        }
      ]
    },
    {
      "module": "module.db",
      "mode": "managed",
      "type": "azurerm_mysql_flexible_server_configuration",
      "name": "no_ssl",
      "provider": "provider[\"registry.terraform.io/hashicorp/azurerm\"]",
      "instances": [
        {
          "schema_version": 0,
          "attributes": {
            "id": "/subscriptions/99b79efe-ebd6-468c-b39f-5669acb259e1/resourceGroups/04-t1-leegh/providers/Microsoft.DBforMySQL/flexibleServers/www-mysql-server-xm6d/configurations/require_secure_transport",
            "name": "require_secure_transport",
            "resource_group_name": "04-t1-leegh",
            "server_name": "www-mysql-server-xm6d",
            "timeouts": null,
            "value": "OFF"
          },
          "sensitive_attributes": [],
          "identity_schema_version": 0,
          "private": "eyJlMmJmYjczMC1lY2FhLTExZTYtOGY4OC0zNDM2M2JjN2M0YzAiOnsiY3JlYXRlIjoxODAwMDAwMDAwMDAwLCJkZWxldGUiOjE4MDAwMDAwMDAwMDAsInJlYWQiOjMwMDAwMDAwMDAwMCwidXBkYXRlIjoxODAwMDAwMDAwMDAwfX0=",
          "dependencies": [
            "module.db.azurerm_mysql_flexible_server.www_mysql",
            "module.db.random_string.mysql_suffix"
          ]
        }
      ]
    },
    {
      "module": "module.db",
      "mode": "managed",
      "type": "azurerm_mysql_flexible_server_configuration",
      "name": "www_audit",
      "provider": "provider[\"registry.terraform.io/hashicorp/azurerm\"]",
      "instances": [
        {
          "schema_version": 0,
          "attributes": {
            "id": "/subscriptions/99b79efe-ebd6-468c-b39f-5669acb259e1/resourceGroups/04-t1-leegh/providers/Microsoft.DBforMySQL/flexibleServers/www-mysql-server-xm6d/configurations/audit_log_enabled",
            "name": "audit_log_enabled",
            "resource_group_name": "04-t1-leegh",
            "server_name": "www-mysql-server-xm6d",
            "timeouts": null,
            "value": "ON"
          },
          "sensitive_attributes": [],
          "identity_schema_version": 0,
          "private": "eyJlMmJmYjczMC1lY2FhLTExZTYtOGY4OC0zNDM2M2JjN2M0YzAiOnsiY3JlYXRlIjoxODAwMDAwMDAwMDAwLCJkZWxldGUiOjE4MDAwMDAwMDAwMDAsInJlYWQiOjMwMDAwMDAwMDAwMCwidXBkYXRlIjoxODAwMDAwMDAwMDAwfX0=",
          "dependencies": [
            "module.db.azurerm_mysql_flexible_server.www_mysql",
            "module.db.random_string.mysql_suffix"
          ]
        }
      ]
    },
    {
      "module": "module.db",
      "mode": "managed",
      "type": "azurerm_mysql_flexible_server_configuration",
      "name": "www_audit_events",
      "provider": "provider[\"registry.terraform.io/hashicorp/azurerm\"]",
      "instances": [
        {
          "schema_version": 0,
          "attributes": {
            "id": "/subscriptions/99b79efe-ebd6-468c-b39f-5669acb259e1/resourceGroups/04-t1-leegh/providers/Microsoft.DBforMySQL/flexibleServers/www-mysql-server-xm6d/configurations/audit_log_events",
            "name": "audit_log_events",
            "resource_group_name": "04-t1-leegh",
            "server_name": "www-mysql-server-xm6d",
            "timeouts": null,
            "value": "CONNECTION,DDL,DML_SELECT"
          },
          "sensitive_attributes": [],
          "identity_schema_version": 0,
          "private": "eyJlMmJmYjczMC1lY2FhLTExZTYtOGY4OC0zNDM2M2JjN2M0YzAiOnsiY3JlYXRlIjoxODAwMDAwMDAwMDAwLCJkZWxldGUiOjE4MDAwMDAwMDAwMDAsInJlYWQiOjMwMDAwMDAwMDAwMCwidXBkYXRlIjoxODAwMDAwMDAwMDAwfX0=",
          "dependencies": [
            "module.db.azurerm_mysql_flexible_server.www_mysql",
            "module.db.random_string.mysql_suffix"
          ]
        }
      ]
    },
    {
      "module": "module.db",
      "mode": "managed",
      "type": "azurerm_mysql_flexible_server_firewall_rule",
      "name": "allow_azure_services",
      "provider": "provider[\"registry.terraform.io/hashicorp/azurerm\"]",
      "instances": [
        {
          "schema_version": 0,
          "attributes": {
            "end_ip_address": "0.0.0.0",
            "id": "/subscriptions/99b79efe-ebd6-468c-b39f-5669acb259e1/resourceGroups/04-t1-leegh/providers/Microsoft.DBforMySQL/flexibleServers/www-mysql-server-xm6d/firewallRules/allow-azure-services",
            "name": "allow-azure-services",
            "resource_group_name": "04-t1-leegh",
            "server_name": "www-mysql-server-xm6d",
            "start_ip_address": "0.0.0.0",
            "timeouts": null
          },
          "sensitive_attributes": [],
          "identity_schema_version": 0,
          "private": "eyJlMmJmYjczMC1lY2FhLTExZTYtOGY4OC0zNDM2M2JjN2M0YzAiOnsiY3JlYXRlIjoxODAwMDAwMDAwMDAwLCJkZWxldGUiOjE4MDAwMDAwMDAwMDAsInJlYWQiOjMwMDAwMDAwMDAwMCwidXBkYXRlIjoxODAwMDAwMDAwMDAwfX0=",
          "dependencies": [
            "module.db.azurerm_mysql_flexible_server.www_mysql",
            "module.db.random_string.mysql_suffix"
          ]
        }
      ]
    },
    {
      "module": "module.db",
      "mode": "managed",
      "type": "azurerm_mysql_flexible_server_firewall_rule",
      "name": "allow_class_ip",
      "provider": "provider[\"registry.terraform.io/hashicorp/azurerm\"]",
      "instances": [
        {
          "schema_version": 0,
          "attributes": {
            "end_ip_address": "61.108.60.26",
            "id": "/subscriptions/99b79efe-ebd6-468c-b39f-5669acb259e1/resourceGroups/04-t1-leegh/providers/Microsoft.DBforMySQL/flexibleServers/www-mysql-server-xm6d/firewallRules/allow-class-ip",
            "name": "allow-class-ip",
            "resource_group_name": "04-t1-leegh",
            "server_name": "www-mysql-server-xm6d",
            "start_ip_address": "61.108.60.26",
            "timeouts": null
          },
          "sensitive_attributes": [],
          "identity_schema_version": 0,
          "private": "eyJlMmJmYjczMC1lY2FhLTExZTYtOGY4OC0zNDM2M2JjN2M0YzAiOnsiY3JlYXRlIjoxODAwMDAwMDAwMDAwLCJkZWxldGUiOjE4MDAwMDAwMDAwMDAsInJlYWQiOjMwMDAwMDAwMDAwMCwidXBkYXRlIjoxODAwMDAwMDAwMDAwfX0=",
          "dependencies": [
            "module.db.azurerm_mysql_flexible_server.www_mysql",
            "module.db.random_string.mysql_suffix"
          ]
        }
      ]
    },
    {
      "module": "module.db",
      "mode": "managed",
      "type": "azurerm_private_dns_zone",
      "name": "www_dns_zone",
      "provider": "provider[\"registry.terraform.io/hashicorp/azurerm\"]",
      "instances": [
        {
          "schema_version": 0,
          "attributes": {
            "id": "/subscriptions/99b79efe-ebd6-468c-b39f-5669acb259e1/resourceGroups/04-t1-leegh/providers/Microsoft.Network/privateDnsZones/privatelink.mysql.database.azure.com",
            "max_number_of_record_sets": 25000,
            "max_number_of_virtual_network_links": 1000,
            "max_number_of_virtual_network_links_with_registration": 100,
            "name": "privatelink.mysql.database.azure.com",
            "number_of_record_sets": 2,
            "resource_group_name": "04-t1-leegh",
            "soa_record": [
              {
                "email": "azureprivatedns-host.microsoft.com",
                "expire_time": 2419200,
                "fqdn": "privatelink.mysql.database.azure.com.",
                "host_name": "azureprivatedns.net",
                "minimum_ttl": 10,
                "refresh_time": 3600,
                "retry_time": 300,
                "serial_number": 1,
                "tags": {},
                "ttl": 3600
              }
            ],
            "tags": {},
            "timeouts": null
          },
          "sensitive_attributes": [],
          "identity_schema_version": 0,
          "identity": {
            "name": "privatelink.mysql.database.azure.com",
            "resource_group_name": "04-t1-leegh",
            "subscription_id": "99b79efe-ebd6-468c-b39f-5669acb259e1"
          },
          "private": "eyJlMmJmYjczMC1lY2FhLTExZTYtOGY4OC0zNDM2M2JjN2M0YzAiOnsiY3JlYXRlIjoxODAwMDAwMDAwMDAwLCJkZWxldGUiOjE4MDAwMDAwMDAwMDAsInJlYWQiOjMwMDAwMDAwMDAwMCwidXBkYXRlIjoxODAwMDAwMDAwMDAwfX0="
        }
      ]
    },
    {
      "module": "module.db",
      "mode": "managed",
      "type": "azurerm_private_dns_zone_virtual_network_link",
      "name": "www_dns_link",
      "provider": "provider[\"registry.terraform.io/hashicorp/azurerm\"]",
      "instances": [
        {
          "schema_version": 0,
          "attributes": {
            "id": "/subscriptions/99b79efe-ebd6-468c-b39f-5669acb259e1/resourceGroups/04-t1-leegh/providers/Microsoft.Network/privateDnsZones/privatelink.mysql.database.azure.com/virtualNetworkLinks/www-dns-link",
            "name": "www-dns-link",
            "private_dns_zone_name": "privatelink.mysql.database.azure.com",
            "registration_enabled": false,
            "resolution_policy": "Default",
            "resource_group_name": "04-t1-leegh",
            "tags": {},
            "timeouts": null,
            "virtual_network_id": "/subscriptions/99b79efe-ebd6-468c-b39f-5669acb259e1/resourceGroups/04-t1-leegh/providers/Microsoft.Network/virtualNetworks/leegh-vnet0"
          },
          "sensitive_attributes": [],
          "identity_schema_version": 0,
          "identity": {
            "name": "www-dns-link",
            "private_dns_zone_name": "privatelink.mysql.database.azure.com",
            "resource_group_name": "04-t1-leegh",
            "subscription_id": "99b79efe-ebd6-468c-b39f-5669acb259e1"
          },
          "private": "eyJlMmJmYjczMC1lY2FhLTExZTYtOGY4OC0zNDM2M2JjN2M0YzAiOnsiY3JlYXRlIjoxODAwMDAwMDAwMDAwLCJkZWxldGUiOjE4MDAwMDAwMDAwMDAsInJlYWQiOjMwMDAwMDAwMDAwMCwidXBkYXRlIjoxODAwMDAwMDAwMDAwfX0=",
          "dependencies": [
            "module.db.azurerm_private_dns_zone.www_dns_zone",
            "module.network.azurerm_virtual_network.www_vnet0"
          ]
        }
      ]
    },
    {
      "module": "module.db",
      "mode": "managed",
      "type": "azurerm_private_dns_zone_virtual_network_link",
      "name": "www_dns_link_south",
      "provider": "provider[\"registry.terraform.io/hashicorp/azurerm\"]",
      "instances": [
        {
          "schema_version": 0,
          "attributes": {
            "id": "/subscriptions/99b79efe-ebd6-468c-b39f-5669acb259e1/resourceGroups/04-t1-leegh/providers/Microsoft.Network/privateDnsZones/privatelink.mysql.database.azure.com/virtualNetworkLinks/www-dns-link-south",
            "name": "www-dns-link-south",
            "private_dns_zone_name": "privatelink.mysql.database.azure.com",
            "registration_enabled": false,
            "resolution_policy": "Default",
            "resource_group_name": "04-t1-leegh",
            "tags": {},
            "timeouts": null,
            "virtual_network_id": "/subscriptions/99b79efe-ebd6-468c-b39f-5669acb259e1/resourceGroups/04-t1-leegh/providers/Microsoft.Network/virtualNetworks/leegh-vnet1"
          },
          "sensitive_attributes": [],
          "identity_schema_version": 0,
          "identity": {
            "name": "www-dns-link-south",
            "private_dns_zone_name": "privatelink.mysql.database.azure.com",
            "resource_group_name": "04-t1-leegh",
            "subscription_id": "99b79efe-ebd6-468c-b39f-5669acb259e1"
          },
          "private": "eyJlMmJmYjczMC1lY2FhLTExZTYtOGY4OC0zNDM2M2JjN2M0YzAiOnsiY3JlYXRlIjoxODAwMDAwMDAwMDAwLCJkZWxldGUiOjE4MDAwMDAwMDAwMDAsInJlYWQiOjMwMDAwMDAwMDAwMCwidXBkYXRlIjoxODAwMDAwMDAwMDAwfX0=",
          "dependencies": [
            "module.db.azurerm_private_dns_zone.www_dns_zone",
            "module.network.azurerm_virtual_network.www_vnet1"
          ]
        }
      ]
    },
    {
      "module": "module.db",
      "mode": "managed",
      "type": "azurerm_private_endpoint",
      "name": "www_pe",
      "provider": "provider[\"registry.terraform.io/hashicorp/azurerm\"]",
      "instances": [
        {
          "schema_version": 0,
          "attributes": {
            "custom_dns_configs": [],
            "custom_network_interface_name": "",
            "id": "/subscriptions/99b79efe-ebd6-468c-b39f-5669acb259e1/resourceGroups/04-t1-leegh/providers/Microsoft.Network/privateEndpoints/www-mysql-endpoint",
            "ip_configuration": [],
            "location": "koreacentral",
            "name": "www-mysql-endpoint",
            "network_interface": [
              {
                "id": "/subscriptions/99b79efe-ebd6-468c-b39f-5669acb259e1/resourceGroups/04-t1-leegh/providers/Microsoft.Network/networkInterfaces/www-mysql-endpoint.nic.b9ceac2e-5ff3-42d5-911d-fb7e93f47c48",
                "name": "www-mysql-endpoint.nic.b9ceac2e-5ff3-42d5-911d-fb7e93f47c48"
              }
            ],
            "private_dns_zone_configs": [
              {
                "id": "/subscriptions/99b79efe-ebd6-468c-b39f-5669acb259e1/resourceGroups/04-t1-leegh/providers/Microsoft.Network/privateEndpoints/www-mysql-endpoint/privateDnsZoneGroups/default/privateDnsZoneConfigs/privatelink.mysql.database.azure.com",
                "name": "privatelink.mysql.database.azure.com",
                "private_dns_zone_id": "/subscriptions/99b79efe-ebd6-468c-b39f-5669acb259e1/resourceGroups/04-t1-leegh/providers/Microsoft.Network/privateDnsZones/privatelink.mysql.database.azure.com",
                "record_sets": [
                  {
                    "fqdn": "www-mysql-server-xm6d.privatelink.mysql.database.azure.com",
                    "ip_addresses": [
                      "10.0.4.4"
                    ],
                    "name": "www-mysql-server-xm6d",
                    "ttl": 10,
                    "type": "A"
                  }
                ]
              }
            ],
            "private_dns_zone_group": [
              {
                "id": "/subscriptions/99b79efe-ebd6-468c-b39f-5669acb259e1/resourceGroups/04-t1-leegh/providers/Microsoft.Network/privateEndpoints/www-mysql-endpoint/privateDnsZoneGroups/default",
                "name": "default",
                "private_dns_zone_ids": [
                  "/subscriptions/99b79efe-ebd6-468c-b39f-5669acb259e1/resourceGroups/04-t1-leegh/providers/Microsoft.Network/privateDnsZones/privatelink.mysql.database.azure.com"
                ]
              }
            ],
            "private_service_connection": [
              {
                "is_manual_connection": false,
                "name": "www-mysql-privatelink",
                "private_connection_resource_alias": "",
                "private_connection_resource_id": "/subscriptions/99b79efe-ebd6-468c-b39f-5669acb259e1/resourceGroups/04-t1-leegh/providers/Microsoft.DBforMySQL/flexibleServers/www-mysql-server-xm6d",
                "private_ip_address": "10.0.4.4",
                "request_message": "",
                "subresource_names": [
                  "mysqlServer"
                ]
              }
            ],
            "resource_group_name": "04-t1-leegh",
            "subnet_id": "/subscriptions/99b79efe-ebd6-468c-b39f-5669acb259e1/resourceGroups/04-t1-leegh/providers/Microsoft.Network/virtualNetworks/leegh-vnet0/subnets/leegh-db",
            "tags": {},
            "timeouts": null
          },
          "sensitive_attributes": [],
          "identity_schema_version": 0,
          "identity": {
            "name": "www-mysql-endpoint",
            "resource_group_name": "04-t1-leegh",
            "subscription_id": "99b79efe-ebd6-468c-b39f-5669acb259e1"
          },
          "private": "eyJlMmJmYjczMC1lY2FhLTExZTYtOGY4OC0zNDM2M2JjN2M0YzAiOnsiY3JlYXRlIjozNjAwMDAwMDAwMDAwLCJkZWxldGUiOjM2MDAwMDAwMDAwMDAsInJlYWQiOjMwMDAwMDAwMDAwMCwidXBkYXRlIjozNjAwMDAwMDAwMDAwfX0=",
          "dependencies": [
            "module.db.azurerm_mysql_flexible_server.www_mysql",
            "module.db.azurerm_private_dns_zone.www_dns_zone",
            "module.db.random_string.mysql_suffix",
            "module.network.azurerm_subnet.www_db",
            "module.network.azurerm_virtual_network.www_vnet0"
          ]
        }
      ]
    },
    {
      "module": "module.db",
      "mode": "managed",
      "type": "azurerm_redis_cache",
      "name": "www_redis",
      "provider": "provider[\"registry.terraform.io/hashicorp/azurerm\"]",
      "instances": [
        {
          "schema_version": 1,
          "attributes": {
            "access_keys_authentication_enabled": true,
            "capacity": 0,
            "family": "C",
            "hostname": "www-redis-cache.redis.cache.windows.net",
            "id": "/subscriptions/99b79efe-ebd6-468c-b39f-5669acb259e1/resourceGroups/04-t1-leegh/providers/Microsoft.Cache/redis/www-redis-cache",
            "identity": [],
            "location": "koreacentral",
            "minimum_tls_version": "1.2",
            "name": "www-redis-cache",
            "non_ssl_port_enabled": false,
            "patch_schedule": [],
            "port": 6379,
            "primary_access_key": "VsTZqC9xHNsN8RjzUThKtvtGvUBfQhirCAzCaHsmdfA=",
            "primary_connection_string": "www-redis-cache.redis.cache.windows.net:6380,password=VsTZqC9xHNsN8RjzUThKtvtGvUBfQhirCAzCaHsmdfA=,ssl=true,abortConnect=False",
            "private_static_ip_address": "",
            "public_network_access_enabled": true,
            "redis_configuration": [
              {
                "active_directory_authentication_enabled": false,
                "aof_backup_enabled": false,
                "aof_storage_connection_string_0": "",
                "aof_storage_connection_string_1": "",
                "authentication_enabled": true,
                "data_persistence_authentication_method": "",
                "maxclients": 256,
                "maxfragmentationmemory_reserved": 30,
                "maxmemory_delta": 30,
                "maxmemory_policy": "volatile-lru",
                "maxmemory_reserved": 30,
                "notify_keyspace_events": "",
                "rdb_backup_enabled": false,
                "rdb_backup_frequency": 0,
                "rdb_backup_max_snapshot_count": 0,
                "rdb_storage_connection_string": "",
                "storage_account_subscription_id": ""
              }
            ],
            "redis_version": "6.0",
            "replicas_per_master": 0,
            "replicas_per_primary": 0,
            "resource_group_name": "04-t1-leegh",
            "secondary_access_key": "2uueqVQQOIkUjXx4O76H7PKVg6STH2VpqAzCaOmoQqY=",
            "secondary_connection_string": "www-redis-cache.redis.cache.windows.net:6380,password=2uueqVQQOIkUjXx4O76H7PKVg6STH2VpqAzCaOmoQqY=,ssl=true,abortConnect=False",
            "shard_count": 0,
            "sku_name": "Basic",
            "ssl_port": 6380,
            "subnet_id": "",
            "tags": {
              "environment": "production",
              "team": "www"
            },
            "tenant_settings": {},
            "timeouts": null,
            "zones": []
          },
          "sensitive_attributes": [
            [
              {
                "type": "get_attr",
                "value": "primary_access_key"
              }
            ],
            [
              {
                "type": "get_attr",
                "value": "primary_connection_string"
              }
            ],
            [
              {
                "type": "get_attr",
                "value": "redis_configuration"
              },
              {
                "type": "index",
                "value": {
                  "value": 0,
                  "type": "number"
                }
              },
              {
                "type": "get_attr",
                "value": "aof_storage_connection_string_0"
              }
            ],
            [
              {
                "type": "get_attr",
                "value": "redis_configuration"
              },
              {
                "type": "index",
                "value": {
                  "value": 0,
                  "type": "number"
                }
              },
              {
                "type": "get_attr",
                "value": "aof_storage_connection_string_1"
              }
            ],
            [
              {
                "type": "get_attr",
                "value": "redis_configuration"
              },
              {
                "type": "index",
                "value": {
                  "value": 0,
                  "type": "number"
                }
              },
              {
                "type": "get_attr",
                "value": "rdb_storage_connection_string"
              }
            ],
            [
              {
                "type": "get_attr",
                "value": "secondary_access_key"
              }
            ],
            [
              {
                "type": "get_attr",
                "value": "secondary_connection_string"
              }
            ]
          ],
          "identity_schema_version": 0,
          "private": "eyJlMmJmYjczMC1lY2FhLTExZTYtOGY4OC0zNDM2M2JjN2M0YzAiOnsiY3JlYXRlIjoxMDgwMDAwMDAwMDAwMCwiZGVsZXRlIjoxMDgwMDAwMDAwMDAwMCwicmVhZCI6MzAwMDAwMDAwMDAwLCJ1cGRhdGUiOjEwODAwMDAwMDAwMDAwfSwic2NoZW1hX3ZlcnNpb24iOiIxIn0="
        }
      ]
    },
    {
      "module": "module.db",
      "mode": "managed",
      "type": "random_string",
      "name": "adf_suffix",
      "provider": "provider[\"registry.terraform.io/hashicorp/random\"]",
      "instances": [
        {
          "schema_version": 2,
          "attributes": {
            "id": "mefo",
            "keepers": null,
            "length": 4,
            "lower": true,
            "min_lower": 0,
            "min_numeric": 0,
            "min_special": 0,
            "min_upper": 0,
            "number": true,
            "numeric": true,
            "override_special": null,
            "result": "mefo",
            "special": false,
            "upper": false
          },
          "sensitive_attributes": [],
          "identity_schema_version": 0
        }
      ]
    },
    {
      "module": "module.db",
      "mode": "managed",
      "type": "random_string",
      "name": "mysql_suffix",
      "provider": "provider[\"registry.terraform.io/hashicorp/random\"]",
      "instances": [
        {
          "schema_version": 2,
          "attributes": {
            "id": "xm6d",
            "keepers": null,
            "length": 4,
            "lower": true,
            "min_lower": 0,
            "min_numeric": 0,
            "min_special": 0,
            "min_upper": 0,
            "number": true,
            "numeric": true,
            "override_special": null,
            "result": "xm6d",
            "special": false,
            "upper": false
          },
          "sensitive_attributes": [],
          "identity_schema_version": 0
        }
      ]
    },
    {
      "module": "module.network",
      "mode": "managed",
      "type": "azurerm_lb",
      "name": "www_lb_v1",
      "provider": "module.network.provider[\"registry.terraform.io/hashicorp/azurerm\"]",
      "instances": [
        {
          "schema_version": 0,
          "attributes": {
            "edge_zone": "",
            "frontend_ip_configuration": [
              {
                "gateway_load_balancer_frontend_ip_configuration_id": "",
                "id": "/subscriptions/99b79efe-ebd6-468c-b39f-5669acb259e1/resourceGroups/04-t1-leegh/providers/Microsoft.Network/loadBalancers/leegh-lb-v1/frontendIPConfigurations/lbpublicip",
                "inbound_nat_rules": [],
                "load_balancer_rules": [
                  "/subscriptions/99b79efe-ebd6-468c-b39f-5669acb259e1/resourceGroups/04-t1-leegh/providers/Microsoft.Network/loadBalancers/leegh-lb-v1/loadBalancingRules/leegh-lb-rule-v1"
                ],
                "name": "lbpublicip",
                "outbound_rules": [],
                "private_ip_address": "",
                "private_ip_address_allocation": "Dynamic",
                "private_ip_address_version": "",
                "public_ip_address_id": "/subscriptions/99b79efe-ebd6-468c-b39f-5669acb259e1/resourceGroups/04-t1-leegh/providers/Microsoft.Network/publicIPAddresses/leegh-loadip",
                "public_ip_prefix_id": "",
                "subnet_id": "",
                "zones": []
              }
            ],
            "id": "/subscriptions/99b79efe-ebd6-468c-b39f-5669acb259e1/resourceGroups/04-t1-leegh/providers/Microsoft.Network/loadBalancers/leegh-lb-v1",
            "location": "koreasouth",
            "name": "leegh-lb-v1",
            "private_ip_address": "",
            "private_ip_addresses": [],
            "public_ip_address_id": null,
            "resource_group_name": "04-t1-leegh",
            "sku": "Standard",
            "sku_tier": "Regional",
            "subnet_id": null,
            "tags": {},
            "timeouts": null
          },
          "sensitive_attributes": [],
          "identity_schema_version": 0,
          "private": "eyJlMmJmYjczMC1lY2FhLTExZTYtOGY4OC0zNDM2M2JjN2M0YzAiOnsiY3JlYXRlIjoxODAwMDAwMDAwMDAwLCJkZWxldGUiOjE4MDAwMDAwMDAwMDAsInJlYWQiOjMwMDAwMDAwMDAwMCwidXBkYXRlIjoxODAwMDAwMDAwMDAwfX0=",
          "dependencies": [
            "module.network.azurerm_public_ip.www_loadip"
          ]
        }
      ]
    },
    {
      "module": "module.network",
      "mode": "managed",
      "type": "azurerm_lb_backend_address_pool",
      "name": "www_back_v1",
      "provider": "module.network.provider[\"registry.terraform.io/hashicorp/azurerm\"]",
      "instances": [
        {
          "schema_version": 0,
          "attributes": {
            "backend_ip_configurations": [
              "/subscriptions/99b79efe-ebd6-468c-b39f-5669acb259e1/resourceGroups/04-t1-leegh/providers/Microsoft.Network/networkInterfaces/leeghweb1-v1-nic/ipConfigurations/www-web1-v1-nic-ipconf",
              "/subscriptions/99b79efe-ebd6-468c-b39f-5669acb259e1/resourceGroups/04-t1-leegh/providers/Microsoft.Network/networkInterfaces/leeghweb2-v1-nic/ipConfigurations/www-web2-v1-nic-ipconf"
            ],
            "id": "/subscriptions/99b79efe-ebd6-468c-b39f-5669acb259e1/resourceGroups/04-t1-leegh/providers/Microsoft.Network/loadBalancers/leegh-lb-v1/backendAddressPools/leegh-back-v1",
            "inbound_nat_rules": [],
            "load_balancing_rules": [
              "/subscriptions/99b79efe-ebd6-468c-b39f-5669acb259e1/resourceGroups/04-t1-leegh/providers/Microsoft.Network/loadBalancers/leegh-lb-v1/loadBalancingRules/leegh-lb-rule-v1"
            ],
            "loadbalancer_id": "/subscriptions/99b79efe-ebd6-468c-b39f-5669acb259e1/resourceGroups/04-t1-leegh/providers/Microsoft.Network/loadBalancers/leegh-lb-v1",
            "name": "leegh-back-v1",
            "outbound_rules": [],
            "synchronous_mode": "",
            "timeouts": null,
            "tunnel_interface": [],
            "virtual_network_id": ""
          },
          "sensitive_attributes": [],
          "identity_schema_version": 0,
          "private": "eyJlMmJmYjczMC1lY2FhLTExZTYtOGY4OC0zNDM2M2JjN2M0YzAiOnsiY3JlYXRlIjoxODAwMDAwMDAwMDAwLCJkZWxldGUiOjE4MDAwMDAwMDAwMDAsInJlYWQiOjMwMDAwMDAwMDAwMCwidXBkYXRlIjoxODAwMDAwMDAwMDAwfX0=",
          "dependencies": [
            "module.network.azurerm_lb.www_lb_v1",
            "module.network.azurerm_public_ip.www_loadip"
          ]
        }
      ]
    },
    {
      "module": "module.network",
      "mode": "managed",
      "type": "azurerm_lb_probe",
      "name": "www_lb_probe_v1",
      "provider": "module.network.provider[\"registry.terraform.io/hashicorp/azurerm\"]",
      "instances": [
        {
          "schema_version": 0,
          "attributes": {
            "id": "/subscriptions/99b79efe-ebd6-468c-b39f-5669acb259e1/resourceGroups/04-t1-leegh/providers/Microsoft.Network/loadBalancers/leegh-lb-v1/probes/leegh-lb-probe-v1",
            "interval_in_seconds": 5,
            "load_balancer_rules": [
              "/subscriptions/99b79efe-ebd6-468c-b39f-5669acb259e1/resourceGroups/04-t1-leegh/providers/Microsoft.Network/loadBalancers/leegh-lb-v1/loadBalancingRules/leegh-lb-rule-v1"
            ],
            "loadbalancer_id": "/subscriptions/99b79efe-ebd6-468c-b39f-5669acb259e1/resourceGroups/04-t1-leegh/providers/Microsoft.Network/loadBalancers/leegh-lb-v1",
            "name": "leegh-lb-probe-v1",
            "number_of_probes": 2,
            "port": 80,
            "probe_threshold": 1,
            "protocol": "Http",
            "request_path": "/health.html",
            "timeouts": null
          },
          "sensitive_attributes": [],
          "identity_schema_version": 0,
          "private": "eyJlMmJmYjczMC1lY2FhLTExZTYtOGY4OC0zNDM2M2JjN2M0YzAiOnsiY3JlYXRlIjoxODAwMDAwMDAwMDAwLCJkZWxldGUiOjE4MDAwMDAwMDAwMDAsInJlYWQiOjMwMDAwMDAwMDAwMCwidXBkYXRlIjoxODAwMDAwMDAwMDAwfX0=",
          "dependencies": [
            "module.network.azurerm_lb.www_lb_v1",
            "module.network.azurerm_public_ip.www_loadip"
          ]
        }
      ]
    },
    {
      "module": "module.network",
      "mode": "managed",
      "type": "azurerm_lb_rule",
      "name": "www_lb_rule_v1",
      "provider": "module.network.provider[\"registry.terraform.io/hashicorp/azurerm\"]",
      "instances": [
        {
          "schema_version": 0,
          "attributes": {
            "backend_address_pool_ids": [
              "/subscriptions/99b79efe-ebd6-468c-b39f-5669acb259e1/resourceGroups/04-t1-leegh/providers/Microsoft.Network/loadBalancers/leegh-lb-v1/backendAddressPools/leegh-back-v1"
            ],
            "backend_port": 80,
            "disable_outbound_snat": false,
            "enable_floating_ip": false,
            "enable_tcp_reset": false,
            "floating_ip_enabled": false,
            "frontend_ip_configuration_id": "/subscriptions/99b79efe-ebd6-468c-b39f-5669acb259e1/resourceGroups/04-t1-leegh/providers/Microsoft.Network/loadBalancers/leegh-lb-v1/frontendIPConfigurations/lbpublicip",
            "frontend_ip_configuration_name": "lbpublicip",
            "frontend_port": 80,
            "id": "/subscriptions/99b79efe-ebd6-468c-b39f-5669acb259e1/resourceGroups/04-t1-leegh/providers/Microsoft.Network/loadBalancers/leegh-lb-v1/loadBalancingRules/leegh-lb-rule-v1",
            "idle_timeout_in_minutes": 4,
            "load_distribution": "Default",
            "loadbalancer_id": "/subscriptions/99b79efe-ebd6-468c-b39f-5669acb259e1/resourceGroups/04-t1-leegh/providers/Microsoft.Network/loadBalancers/leegh-lb-v1",
            "name": "leegh-lb-rule-v1",
            "probe_id": "/subscriptions/99b79efe-ebd6-468c-b39f-5669acb259e1/resourceGroups/04-t1-leegh/providers/Microsoft.Network/loadBalancers/leegh-lb-v1/probes/leegh-lb-probe-v1",
            "protocol": "Tcp",
            "tcp_reset_enabled": false,
            "timeouts": null
          },
          "sensitive_attributes": [],
          "identity_schema_version": 0,
          "private": "eyJlMmJmYjczMC1lY2FhLTExZTYtOGY4OC0zNDM2M2JjN2M0YzAiOnsiY3JlYXRlIjoxODAwMDAwMDAwMDAwLCJkZWxldGUiOjE4MDAwMDAwMDAwMDAsInJlYWQiOjMwMDAwMDAwMDAwMCwidXBkYXRlIjoxODAwMDAwMDAwMDAwfX0=",
          "dependencies": [
            "module.network.azurerm_lb.www_lb_v1",
            "module.network.azurerm_lb_backend_address_pool.www_back_v1",
            "module.network.azurerm_lb_probe.www_lb_probe_v1",
            "module.network.azurerm_public_ip.www_loadip"
          ]
        }
      ]
    },
    {
      "module": "module.network",
      "mode": "managed",
      "type": "azurerm_nat_gateway",
      "name": "www_nat",
      "provider": "module.network.provider[\"registry.terraform.io/hashicorp/azurerm\"]",
      "instances": [
        {
          "schema_version": 0,
          "attributes": {
            "id": "/subscriptions/99b79efe-ebd6-468c-b39f-5669acb259e1/resourceGroups/04-t1-leegh/providers/Microsoft.Network/natGateways/leegh-nat",
            "idle_timeout_in_minutes": 4,
            "location": "koreacentral",
            "name": "leegh-nat",
            "resource_group_name": "04-t1-leegh",
            "resource_guid": "63df388c-e818-421c-8a65-7e1ba0a69b9c",
            "sku_name": "Standard",
            "tags": {},
            "timeouts": null,
            "zones": []
          },
          "sensitive_attributes": [],
          "identity_schema_version": 0,
          "identity": {
            "name": "leegh-nat",
            "resource_group_name": "04-t1-leegh",
            "subscription_id": "99b79efe-ebd6-468c-b39f-5669acb259e1"
          },
          "private": "eyJlMmJmYjczMC1lY2FhLTExZTYtOGY4OC0zNDM2M2JjN2M0YzAiOnsiY3JlYXRlIjozNjAwMDAwMDAwMDAwLCJkZWxldGUiOjM2MDAwMDAwMDAwMDAsInJlYWQiOjMwMDAwMDAwMDAwMCwidXBkYXRlIjozNjAwMDAwMDAwMDAwfX0="
        }
      ]
    },
    {
      "module": "module.network",
      "mode": "managed",
      "type": "azurerm_nat_gateway",
      "name": "www_nat_v1",
      "provider": "module.network.provider[\"registry.terraform.io/hashicorp/azurerm\"]",
      "instances": [
        {
          "schema_version": 0,
          "attributes": {
            "id": "/subscriptions/99b79efe-ebd6-468c-b39f-5669acb259e1/resourceGroups/04-t1-leegh/providers/Microsoft.Network/natGateways/leegh-nat-v1",
            "idle_timeout_in_minutes": 4,
            "location": "koreasouth",
            "name": "leegh-nat-v1",
            "resource_group_name": "04-t1-leegh",
            "resource_guid": "3ad0e9a1-7873-4798-88fd-f07fdbf3253a",
            "sku_name": "Standard",
            "tags": {},
            "timeouts": null,
            "zones": []
          },
          "sensitive_attributes": [],
          "identity_schema_version": 0,
          "identity": {
            "name": "leegh-nat-v1",
            "resource_group_name": "04-t1-leegh",
            "subscription_id": "99b79efe-ebd6-468c-b39f-5669acb259e1"
          },
          "private": "eyJlMmJmYjczMC1lY2FhLTExZTYtOGY4OC0zNDM2M2JjN2M0YzAiOnsiY3JlYXRlIjozNjAwMDAwMDAwMDAwLCJkZWxldGUiOjM2MDAwMDAwMDAwMDAsInJlYWQiOjMwMDAwMDAwMDAwMCwidXBkYXRlIjozNjAwMDAwMDAwMDAwfX0="
        }
      ]
    },
    {
      "module": "module.network",
      "mode": "managed",
      "type": "azurerm_nat_gateway_public_ip_association",
      "name": "www_nat_pubip",
      "provider": "module.network.provider[\"registry.terraform.io/hashicorp/azurerm\"]",
      "instances": [
        {
          "schema_version": 0,
          "attributes": {
            "id": "/subscriptions/99b79efe-ebd6-468c-b39f-5669acb259e1/resourceGroups/04-t1-leegh/providers/Microsoft.Network/natGateways/leegh-nat|/subscriptions/99b79efe-ebd6-468c-b39f-5669acb259e1/resourceGroups/04-t1-leegh/providers/Microsoft.Network/publicIPAddresses/leegh-natip",
            "nat_gateway_id": "/subscriptions/99b79efe-ebd6-468c-b39f-5669acb259e1/resourceGroups/04-t1-leegh/providers/Microsoft.Network/natGateways/leegh-nat",
            "public_ip_address_id": "/subscriptions/99b79efe-ebd6-468c-b39f-5669acb259e1/resourceGroups/04-t1-leegh/providers/Microsoft.Network/publicIPAddresses/leegh-natip",
            "timeouts": null
          },
          "sensitive_attributes": [],
          "identity_schema_version": 0,
          "private": "eyJlMmJmYjczMC1lY2FhLTExZTYtOGY4OC0zNDM2M2JjN2M0YzAiOnsiY3JlYXRlIjoxODAwMDAwMDAwMDAwLCJkZWxldGUiOjE4MDAwMDAwMDAwMDAsInJlYWQiOjMwMDAwMDAwMDAwMH19",
          "dependencies": [
            "module.network.azurerm_nat_gateway.www_nat",
            "module.network.azurerm_public_ip.www_natip"
          ]
        }
      ]
    },
    {
      "module": "module.network",
      "mode": "managed",
      "type": "azurerm_nat_gateway_public_ip_association",
      "name": "www_nat_v1_pubip",
      "provider": "module.network.provider[\"registry.terraform.io/hashicorp/azurerm\"]",
      "instances": [
        {
          "schema_version": 0,
          "attributes": {
            "id": "/subscriptions/99b79efe-ebd6-468c-b39f-5669acb259e1/resourceGroups/04-t1-leegh/providers/Microsoft.Network/natGateways/leegh-nat-v1|/subscriptions/99b79efe-ebd6-468c-b39f-5669acb259e1/resourceGroups/04-t1-leegh/providers/Microsoft.Network/publicIPAddresses/leegh-natip-v1",
            "nat_gateway_id": "/subscriptions/99b79efe-ebd6-468c-b39f-5669acb259e1/resourceGroups/04-t1-leegh/providers/Microsoft.Network/natGateways/leegh-nat-v1",
            "public_ip_address_id": "/subscriptions/99b79efe-ebd6-468c-b39f-5669acb259e1/resourceGroups/04-t1-leegh/providers/Microsoft.Network/publicIPAddresses/leegh-natip-v1",
            "timeouts": null
          },
          "sensitive_attributes": [],
          "identity_schema_version": 0,
          "private": "eyJlMmJmYjczMC1lY2FhLTExZTYtOGY4OC0zNDM2M2JjN2M0YzAiOnsiY3JlYXRlIjoxODAwMDAwMDAwMDAwLCJkZWxldGUiOjE4MDAwMDAwMDAwMDAsInJlYWQiOjMwMDAwMDAwMDAwMH19",
          "dependencies": [
            "module.network.azurerm_nat_gateway.www_nat_v1",
            "module.network.azurerm_public_ip.www_natip_v1"
          ]
        }
      ]
    },
    {
      "module": "module.network",
      "mode": "managed",
      "type": "azurerm_network_interface",
      "name": "www_app_nic",
      "provider": "module.network.provider[\"registry.terraform.io/hashicorp/azurerm\"]",
      "instances": [
        {
          "schema_version": 0,
          "attributes": {
            "accelerated_networking_enabled": false,
            "applied_dns_servers": [],
            "auxiliary_mode": "",
            "auxiliary_sku": "",
            "dns_servers": [],
            "edge_zone": "",
            "id": "/subscriptions/99b79efe-ebd6-468c-b39f-5669acb259e1/resourceGroups/04-t1-leegh/providers/Microsoft.Network/networkInterfaces/leeghapp-nic",
            "internal_dns_name_label": "",
            "internal_domain_name_suffix": "rktlnlh011relfuohcbdyxxifb.psx.internal.cloudapp.net",
            "ip_configuration": [
              {
                "gateway_load_balancer_frontend_ip_configuration_id": "",
                "name": "www-app-nic-ipconf",
                "primary": true,
                "private_ip_address": "192.168.0.4",
                "private_ip_address_allocation": "Static",
                "private_ip_address_version": "IPv4",
                "public_ip_address_id": "/subscriptions/99b79efe-ebd6-468c-b39f-5669acb259e1/resourceGroups/04-t1-leegh/providers/Microsoft.Network/publicIPAddresses/leegh-appip",
                "subnet_id": "/subscriptions/99b79efe-ebd6-468c-b39f-5669acb259e1/resourceGroups/04-t1-leegh/providers/Microsoft.Network/virtualNetworks/leegh-vnet1/subnets/leegh-app"
              }
            ],
            "ip_forwarding_enabled": false,
            "location": "koreasouth",
            "mac_address": "",
            "name": "leeghapp-nic",
            "private_ip_address": "192.168.0.4",
            "private_ip_addresses": [
              "192.168.0.4"
            ],
            "resource_group_name": "04-t1-leegh",
            "tags": {},
            "timeouts": null,
            "virtual_machine_id": ""
          },
          "sensitive_attributes": [],
          "identity_schema_version": 0,
          "identity": {
            "name": "leeghapp-nic",
            "resource_group_name": "04-t1-leegh",
            "subscription_id": "99b79efe-ebd6-468c-b39f-5669acb259e1"
          },
          "private": "eyJlMmJmYjczMC1lY2FhLTExZTYtOGY4OC0zNDM2M2JjN2M0YzAiOnsiY3JlYXRlIjoxODAwMDAwMDAwMDAwLCJkZWxldGUiOjE4MDAwMDAwMDAwMDAsInJlYWQiOjMwMDAwMDAwMDAwMCwidXBkYXRlIjoxODAwMDAwMDAwMDAwfX0=",
          "dependencies": [
            "module.network.azurerm_public_ip.www_appip",
            "module.network.azurerm_subnet.www_app",
            "module.network.azurerm_virtual_network.www_vnet1"
          ]
        }
      ]
    },
    {
      "module": "module.network",
      "mode": "managed",
      "type": "azurerm_network_interface",
      "name": "www_bas_nic",
      "provider": "module.network.provider[\"registry.terraform.io/hashicorp/azurerm\"]",
      "instances": [
        {
          "schema_version": 0,
          "attributes": {
            "accelerated_networking_enabled": false,
            "applied_dns_servers": [],
            "auxiliary_mode": "",
            "auxiliary_sku": "",
            "dns_servers": [],
            "edge_zone": "",
            "id": "/subscriptions/99b79efe-ebd6-468c-b39f-5669acb259e1/resourceGroups/04-t1-leegh/providers/Microsoft.Network/networkInterfaces/leegh-bas-nic",
            "internal_dns_name_label": "",
            "internal_domain_name_suffix": "1h5r40ohr11erm5kq4zx0n3ezh.syx.internal.cloudapp.net",
            "ip_configuration": [
              {
                "gateway_load_balancer_frontend_ip_configuration_id": "",
                "name": "www-bas-nic-ipconf",
                "primary": true,
                "private_ip_address": "10.0.0.4",
                "private_ip_address_allocation": "Static",
                "private_ip_address_version": "IPv4",
                "public_ip_address_id": "/subscriptions/99b79efe-ebd6-468c-b39f-5669acb259e1/resourceGroups/04-t1-leegh/providers/Microsoft.Network/publicIPAddresses/leegh-pubip",
                "subnet_id": "/subscriptions/99b79efe-ebd6-468c-b39f-5669acb259e1/resourceGroups/04-t1-leegh/providers/Microsoft.Network/virtualNetworks/leegh-vnet0/subnets/leegh-bas"
              }
            ],
            "ip_forwarding_enabled": false,
            "location": "koreacentral",
            "mac_address": "",
            "name": "leegh-bas-nic",
            "private_ip_address": "10.0.0.4",
            "private_ip_addresses": [
              "10.0.0.4"
            ],
            "resource_group_name": "04-t1-leegh",
            "tags": {},
            "timeouts": null,
            "virtual_machine_id": ""
          },
          "sensitive_attributes": [],
          "identity_schema_version": 0,
          "identity": {
            "name": "leegh-bas-nic",
            "resource_group_name": "04-t1-leegh",
            "subscription_id": "99b79efe-ebd6-468c-b39f-5669acb259e1"
          },
          "private": "eyJlMmJmYjczMC1lY2FhLTExZTYtOGY4OC0zNDM2M2JjN2M0YzAiOnsiY3JlYXRlIjoxODAwMDAwMDAwMDAwLCJkZWxldGUiOjE4MDAwMDAwMDAwMDAsInJlYWQiOjMwMDAwMDAwMDAwMCwidXBkYXRlIjoxODAwMDAwMDAwMDAwfX0=",
          "dependencies": [
            "module.network.azurerm_public_ip.www_basip",
            "module.network.azurerm_subnet.www_bas",
            "module.network.azurerm_virtual_network.www_vnet0"
          ]
        }
      ]
    },
    {
      "module": "module.network",
      "mode": "managed",
      "type": "azurerm_network_interface",
      "name": "www_db_nic",
      "provider": "module.network.provider[\"registry.terraform.io/hashicorp/azurerm\"]",
      "instances": [
        {
          "schema_version": 0,
          "attributes": {
            "accelerated_networking_enabled": false,
            "applied_dns_servers": [],
            "auxiliary_mode": "",
            "auxiliary_sku": "",
            "dns_servers": null,
            "edge_zone": "",
            "id": "/subscriptions/99b79efe-ebd6-468c-b39f-5669acb259e1/resourceGroups/04-t1-leegh/providers/Microsoft.Network/networkInterfaces/leeghdb-nic",
            "internal_dns_name_label": "",
            "internal_domain_name_suffix": "1h5r40ohr11erm5kq4zx0n3ezh.syx.internal.cloudapp.net",
            "ip_configuration": [
              {
                "gateway_load_balancer_frontend_ip_configuration_id": "",
                "name": "www-db-nic-ipconf",
                "primary": true,
                "private_ip_address": "10.0.4.5",
                "private_ip_address_allocation": "Static",
                "private_ip_address_version": "IPv4",
                "public_ip_address_id": "",
                "subnet_id": "/subscriptions/99b79efe-ebd6-468c-b39f-5669acb259e1/resourceGroups/04-t1-leegh/providers/Microsoft.Network/virtualNetworks/leegh-vnet0/subnets/leegh-db"
              }
            ],
            "ip_forwarding_enabled": false,
            "location": "koreacentral",
            "mac_address": "",
            "name": "leeghdb-nic",
            "private_ip_address": "10.0.4.5",
            "private_ip_addresses": [
              "10.0.4.5"
            ],
            "resource_group_name": "04-t1-leegh",
            "tags": null,
            "timeouts": null,
            "virtual_machine_id": ""
          },
          "sensitive_attributes": [],
          "identity_schema_version": 0,
          "identity": {
            "name": "leeghdb-nic",
            "resource_group_name": "04-t1-leegh",
            "subscription_id": "99b79efe-ebd6-468c-b39f-5669acb259e1"
          },
          "private": "eyJlMmJmYjczMC1lY2FhLTExZTYtOGY4OC0zNDM2M2JjN2M0YzAiOnsiY3JlYXRlIjoxODAwMDAwMDAwMDAwLCJkZWxldGUiOjE4MDAwMDAwMDAwMDAsInJlYWQiOjMwMDAwMDAwMDAwMCwidXBkYXRlIjoxODAwMDAwMDAwMDAwfX0=",
          "dependencies": [
            "module.network.azurerm_subnet.www_db",
            "module.network.azurerm_virtual_network.www_vnet0"
          ]
        }
      ]
    },
    {
      "module": "module.network",
      "mode": "managed",
      "type": "azurerm_network_interface",
      "name": "www_web1_nic",
      "provider": "module.network.provider[\"registry.terraform.io/hashicorp/azurerm\"]",
      "instances": [
        {
          "schema_version": 0,
          "attributes": {
            "accelerated_networking_enabled": false,
            "applied_dns_servers": [],
            "auxiliary_mode": "",
            "auxiliary_sku": "",
            "dns_servers": [],
            "edge_zone": "",
            "id": "/subscriptions/99b79efe-ebd6-468c-b39f-5669acb259e1/resourceGroups/04-t1-leegh/providers/Microsoft.Network/networkInterfaces/leegh-web1-nic",
            "internal_dns_name_label": "",
            "internal_domain_name_suffix": "1h5r40ohr11erm5kq4zx0n3ezh.syx.internal.cloudapp.net",
            "ip_configuration": [
              {
                "gateway_load_balancer_frontend_ip_configuration_id": "",
                "name": "www-web1-nic-ipconf",
                "primary": true,
                "private_ip_address": "10.0.2.4",
                "private_ip_address_allocation": "Static",
                "private_ip_address_version": "IPv4",
                "public_ip_address_id": "",
                "subnet_id": "/subscriptions/99b79efe-ebd6-468c-b39f-5669acb259e1/resourceGroups/04-t1-leegh/providers/Microsoft.Network/virtualNetworks/leegh-vnet0/subnets/leegh-web1"
              }
            ],
            "ip_forwarding_enabled": false,
            "location": "koreacentral",
            "mac_address": "",
            "name": "leegh-web1-nic",
            "private_ip_address": "10.0.2.4",
            "private_ip_addresses": [
              "10.0.2.4"
            ],
            "resource_group_name": "04-t1-leegh",
            "tags": {},
            "timeouts": null,
            "virtual_machine_id": ""
          },
          "sensitive_attributes": [],
          "identity_schema_version": 0,
          "identity": {
            "name": "leegh-web1-nic",
            "resource_group_name": "04-t1-leegh",
            "subscription_id": "99b79efe-ebd6-468c-b39f-5669acb259e1"
          },
          "private": "eyJlMmJmYjczMC1lY2FhLTExZTYtOGY4OC0zNDM2M2JjN2M0YzAiOnsiY3JlYXRlIjoxODAwMDAwMDAwMDAwLCJkZWxldGUiOjE4MDAwMDAwMDAwMDAsInJlYWQiOjMwMDAwMDAwMDAwMCwidXBkYXRlIjoxODAwMDAwMDAwMDAwfX0=",
          "dependencies": [
            "module.network.azurerm_subnet.www_web1",
            "module.network.azurerm_virtual_network.www_vnet0"
          ]
        }
      ]
    },
    {
      "module": "module.network",
      "mode": "managed",
      "type": "azurerm_network_interface",
      "name": "www_web1_v1_nic",
      "provider": "module.network.provider[\"registry.terraform.io/hashicorp/azurerm\"]",
      "instances": [
        {
          "schema_version": 0,
          "attributes": {
            "accelerated_networking_enabled": false,
            "applied_dns_servers": [],
            "auxiliary_mode": "",
            "auxiliary_sku": "",
            "dns_servers": [],
            "edge_zone": "",
            "id": "/subscriptions/99b79efe-ebd6-468c-b39f-5669acb259e1/resourceGroups/04-t1-leegh/providers/Microsoft.Network/networkInterfaces/leeghweb1-v1-nic",
            "internal_dns_name_label": "",
            "internal_domain_name_suffix": "rktlnlh011relfuohcbdyxxifb.psx.internal.cloudapp.net",
            "ip_configuration": [
              {
                "gateway_load_balancer_frontend_ip_configuration_id": "",
                "name": "www-web1-v1-nic-ipconf",
                "primary": true,
                "private_ip_address": "192.168.3.4",
                "private_ip_address_allocation": "Static",
                "private_ip_address_version": "IPv4",
                "public_ip_address_id": "",
                "subnet_id": "/subscriptions/99b79efe-ebd6-468c-b39f-5669acb259e1/resourceGroups/04-t1-leegh/providers/Microsoft.Network/virtualNetworks/leegh-vnet1/subnets/leegh-web1-v1"
              }
            ],
            "ip_forwarding_enabled": false,
            "location": "koreasouth",
            "mac_address": "",
            "name": "leeghweb1-v1-nic",
            "private_ip_address": "192.168.3.4",
            "private_ip_addresses": [
              "192.168.3.4"
            ],
            "resource_group_name": "04-t1-leegh",
            "tags": {},
            "timeouts": null,
            "virtual_machine_id": ""
          },
          "sensitive_attributes": [],
          "identity_schema_version": 0,
          "identity": {
            "name": "leeghweb1-v1-nic",
            "resource_group_name": "04-t1-leegh",
            "subscription_id": "99b79efe-ebd6-468c-b39f-5669acb259e1"
          },
          "private": "eyJlMmJmYjczMC1lY2FhLTExZTYtOGY4OC0zNDM2M2JjN2M0YzAiOnsiY3JlYXRlIjoxODAwMDAwMDAwMDAwLCJkZWxldGUiOjE4MDAwMDAwMDAwMDAsInJlYWQiOjMwMDAwMDAwMDAwMCwidXBkYXRlIjoxODAwMDAwMDAwMDAwfX0=",
          "dependencies": [
            "module.network.azurerm_subnet.www_web1_v1",
            "module.network.azurerm_virtual_network.www_vnet1"
          ]
        }
      ]
    },
    {
      "module": "module.network",
      "mode": "managed",
      "type": "azurerm_network_interface",
      "name": "www_web2_nic",
      "provider": "module.network.provider[\"registry.terraform.io/hashicorp/azurerm\"]",
      "instances": [
        {
          "schema_version": 0,
          "attributes": {
            "accelerated_networking_enabled": false,
            "applied_dns_servers": [],
            "auxiliary_mode": "",
            "auxiliary_sku": "",
            "dns_servers": [],
            "edge_zone": "",
            "id": "/subscriptions/99b79efe-ebd6-468c-b39f-5669acb259e1/resourceGroups/04-t1-leegh/providers/Microsoft.Network/networkInterfaces/leegh-web2-nic",
            "internal_dns_name_label": "",
            "internal_domain_name_suffix": "1h5r40ohr11erm5kq4zx0n3ezh.syx.internal.cloudapp.net",
            "ip_configuration": [
              {
                "gateway_load_balancer_frontend_ip_configuration_id": "",
                "name": "www-web2-nic-ipconf",
                "primary": true,
                "private_ip_address": "10.0.3.4",
                "private_ip_address_allocation": "Static",
                "private_ip_address_version": "IPv4",
                "public_ip_address_id": "",
                "subnet_id": "/subscriptions/99b79efe-ebd6-468c-b39f-5669acb259e1/resourceGroups/04-t1-leegh/providers/Microsoft.Network/virtualNetworks/leegh-vnet0/subnets/leegh-web2"
              }
            ],
            "ip_forwarding_enabled": false,
            "location": "koreacentral",
            "mac_address": "",
            "name": "leegh-web2-nic",
            "private_ip_address": "10.0.3.4",
            "private_ip_addresses": [
              "10.0.3.4"
            ],
            "resource_group_name": "04-t1-leegh",
            "tags": {},
            "timeouts": null,
            "virtual_machine_id": ""
          },
          "sensitive_attributes": [],
          "identity_schema_version": 0,
          "identity": {
            "name": "leegh-web2-nic",
            "resource_group_name": "04-t1-leegh",
            "subscription_id": "99b79efe-ebd6-468c-b39f-5669acb259e1"
          },
          "private": "eyJlMmJmYjczMC1lY2FhLTExZTYtOGY4OC0zNDM2M2JjN2M0YzAiOnsiY3JlYXRlIjoxODAwMDAwMDAwMDAwLCJkZWxldGUiOjE4MDAwMDAwMDAwMDAsInJlYWQiOjMwMDAwMDAwMDAwMCwidXBkYXRlIjoxODAwMDAwMDAwMDAwfX0=",
          "dependencies": [
            "module.network.azurerm_subnet.www_web2",
            "module.network.azurerm_virtual_network.www_vnet0"
          ]
        }
      ]
    },
    {
      "module": "module.network",
      "mode": "managed",
      "type": "azurerm_network_interface",
      "name": "www_web2_v1_nic",
      "provider": "module.network.provider[\"registry.terraform.io/hashicorp/azurerm\"]",
      "instances": [
        {
          "schema_version": 0,
          "attributes": {
            "accelerated_networking_enabled": false,
            "applied_dns_servers": [],
            "auxiliary_mode": "",
            "auxiliary_sku": "",
            "dns_servers": [],
            "edge_zone": "",
            "id": "/subscriptions/99b79efe-ebd6-468c-b39f-5669acb259e1/resourceGroups/04-t1-leegh/providers/Microsoft.Network/networkInterfaces/leeghweb2-v1-nic",
            "internal_dns_name_label": "",
            "internal_domain_name_suffix": "rktlnlh011relfuohcbdyxxifb.psx.internal.cloudapp.net",
            "ip_configuration": [
              {
                "gateway_load_balancer_frontend_ip_configuration_id": "",
                "name": "www-web2-v1-nic-ipconf",
                "primary": true,
                "private_ip_address": "192.168.4.4",
                "private_ip_address_allocation": "Static",
                "private_ip_address_version": "IPv4",
                "public_ip_address_id": "",
                "subnet_id": "/subscriptions/99b79efe-ebd6-468c-b39f-5669acb259e1/resourceGroups/04-t1-leegh/providers/Microsoft.Network/virtualNetworks/leegh-vnet1/subnets/leegh-web2-v1"
              }
            ],
            "ip_forwarding_enabled": false,
            "location": "koreasouth",
            "mac_address": "",
            "name": "leeghweb2-v1-nic",
            "private_ip_address": "192.168.4.4",
            "private_ip_addresses": [
              "192.168.4.4"
            ],
            "resource_group_name": "04-t1-leegh",
            "tags": {},
            "timeouts": null,
            "virtual_machine_id": ""
          },
          "sensitive_attributes": [],
          "identity_schema_version": 0,
          "identity": {
            "name": "leeghweb2-v1-nic",
            "resource_group_name": "04-t1-leegh",
            "subscription_id": "99b79efe-ebd6-468c-b39f-5669acb259e1"
          },
          "private": "eyJlMmJmYjczMC1lY2FhLTExZTYtOGY4OC0zNDM2M2JjN2M0YzAiOnsiY3JlYXRlIjoxODAwMDAwMDAwMDAwLCJkZWxldGUiOjE4MDAwMDAwMDAwMDAsInJlYWQiOjMwMDAwMDAwMDAwMCwidXBkYXRlIjoxODAwMDAwMDAwMDAwfX0=",
          "dependencies": [
            "module.network.azurerm_subnet.www_web2_v1",
            "module.network.azurerm_virtual_network.www_vnet1"
          ]
        }
      ]
    },
    {
      "module": "module.network",
      "mode": "managed",
      "type": "azurerm_network_interface_backend_address_pool_association",
      "name": "www_lbback1_v1",
      "provider": "module.network.provider[\"registry.terraform.io/hashicorp/azurerm\"]",
      "instances": [
        {
          "schema_version": 0,
          "attributes": {
            "backend_address_pool_id": "/subscriptions/99b79efe-ebd6-468c-b39f-5669acb259e1/resourceGroups/04-t1-leegh/providers/Microsoft.Network/loadBalancers/leegh-lb-v1/backendAddressPools/leegh-back-v1",
            "id": "/subscriptions/99b79efe-ebd6-468c-b39f-5669acb259e1/resourceGroups/04-t1-leegh/providers/Microsoft.Network/networkInterfaces/leeghweb1-v1-nic/ipConfigurations/www-web1-v1-nic-ipconf|/subscriptions/99b79efe-ebd6-468c-b39f-5669acb259e1/resourceGroups/04-t1-leegh/providers/Microsoft.Network/loadBalancers/leegh-lb-v1/backendAddressPools/leegh-back-v1",
            "ip_configuration_name": "www-web1-v1-nic-ipconf",
            "network_interface_id": "/subscriptions/99b79efe-ebd6-468c-b39f-5669acb259e1/resourceGroups/04-t1-leegh/providers/Microsoft.Network/networkInterfaces/leeghweb1-v1-nic",
            "timeouts": null
          },
          "sensitive_attributes": [],
          "identity_schema_version": 0,
          "private": "eyJlMmJmYjczMC1lY2FhLTExZTYtOGY4OC0zNDM2M2JjN2M0YzAiOnsiY3JlYXRlIjoxODAwMDAwMDAwMDAwLCJkZWxldGUiOjE4MDAwMDAwMDAwMDAsInJlYWQiOjMwMDAwMDAwMDAwMH19",
          "dependencies": [
            "module.network.azurerm_lb.www_lb_v1",
            "module.network.azurerm_lb_backend_address_pool.www_back_v1",
            "module.network.azurerm_network_interface.www_web1_v1_nic",
            "module.network.azurerm_public_ip.www_loadip",
            "module.network.azurerm_subnet.www_web1_v1",
            "module.network.azurerm_virtual_network.www_vnet1"
          ]
        }
      ]
    },
    {
      "module": "module.network",
      "mode": "managed",
      "type": "azurerm_network_interface_backend_address_pool_association",
      "name": "www_lbback2_v1",
      "provider": "module.network.provider[\"registry.terraform.io/hashicorp/azurerm\"]",
      "instances": [
        {
          "schema_version": 0,
          "attributes": {
            "backend_address_pool_id": "/subscriptions/99b79efe-ebd6-468c-b39f-5669acb259e1/resourceGroups/04-t1-leegh/providers/Microsoft.Network/loadBalancers/leegh-lb-v1/backendAddressPools/leegh-back-v1",
            "id": "/subscriptions/99b79efe-ebd6-468c-b39f-5669acb259e1/resourceGroups/04-t1-leegh/providers/Microsoft.Network/networkInterfaces/leeghweb2-v1-nic/ipConfigurations/www-web2-v1-nic-ipconf|/subscriptions/99b79efe-ebd6-468c-b39f-5669acb259e1/resourceGroups/04-t1-leegh/providers/Microsoft.Network/loadBalancers/leegh-lb-v1/backendAddressPools/leegh-back-v1",
            "ip_configuration_name": "www-web2-v1-nic-ipconf",
            "network_interface_id": "/subscriptions/99b79efe-ebd6-468c-b39f-5669acb259e1/resourceGroups/04-t1-leegh/providers/Microsoft.Network/networkInterfaces/leeghweb2-v1-nic",
            "timeouts": null
          },
          "sensitive_attributes": [],
          "identity_schema_version": 0,
          "private": "eyJlMmJmYjczMC1lY2FhLTExZTYtOGY4OC0zNDM2M2JjN2M0YzAiOnsiY3JlYXRlIjoxODAwMDAwMDAwMDAwLCJkZWxldGUiOjE4MDAwMDAwMDAwMDAsInJlYWQiOjMwMDAwMDAwMDAwMH19",
          "dependencies": [
            "module.network.azurerm_lb.www_lb_v1",
            "module.network.azurerm_lb_backend_address_pool.www_back_v1",
            "module.network.azurerm_network_interface.www_web2_v1_nic",
            "module.network.azurerm_public_ip.www_loadip",
            "module.network.azurerm_subnet.www_web2_v1",
            "module.network.azurerm_virtual_network.www_vnet1"
          ]
        }
      ]
    },
    {
      "module": "module.network",
      "mode": "managed",
      "type": "azurerm_public_ip",
      "name": "www_appip",
      "provider": "module.network.provider[\"registry.terraform.io/hashicorp/azurerm\"]",
      "instances": [
        {
          "schema_version": 0,
          "attributes": {
            "allocation_method": "Static",
            "ddos_protection_mode": "VirtualNetworkInherited",
            "ddos_protection_plan_id": null,
            "domain_name_label": null,
            "domain_name_label_scope": null,
            "edge_zone": "",
            "fqdn": null,
            "id": "/subscriptions/99b79efe-ebd6-468c-b39f-5669acb259e1/resourceGroups/04-t1-leegh/providers/Microsoft.Network/publicIPAddresses/leegh-appip",
            "idle_timeout_in_minutes": 4,
            "ip_address": "20.214.27.0",
            "ip_tags": {},
            "ip_version": "IPv4",
            "location": "koreasouth",
            "name": "leegh-appip",
            "public_ip_prefix_id": null,
            "resource_group_name": "04-t1-leegh",
            "reverse_fqdn": null,
            "sku": "Standard",
            "sku_tier": "Regional",
            "tags": {},
            "timeouts": null,
            "zones": []
          },
          "sensitive_attributes": [],
          "identity_schema_version": 0,
          "private": "eyJlMmJmYjczMC1lY2FhLTExZTYtOGY4OC0zNDM2M2JjN2M0YzAiOnsiY3JlYXRlIjoxODAwMDAwMDAwMDAwLCJkZWxldGUiOjE4MDAwMDAwMDAwMDAsInJlYWQiOjMwMDAwMDAwMDAwMCwidXBkYXRlIjoxODAwMDAwMDAwMDAwfX0="
        }
      ]
    },
    {
      "module": "module.network",
      "mode": "managed",
      "type": "azurerm_public_ip",
      "name": "www_basip",
      "provider": "module.network.provider[\"registry.terraform.io/hashicorp/azurerm\"]",
      "instances": [
        {
          "schema_version": 0,
          "attributes": {
            "allocation_method": "Static",
            "ddos_protection_mode": "VirtualNetworkInherited",
            "ddos_protection_plan_id": null,
            "domain_name_label": null,
            "domain_name_label_scope": null,
            "edge_zone": "",
            "fqdn": null,
            "id": "/subscriptions/99b79efe-ebd6-468c-b39f-5669acb259e1/resourceGroups/04-t1-leegh/providers/Microsoft.Network/publicIPAddresses/leegh-pubip",
            "idle_timeout_in_minutes": 4,
            "ip_address": "20.194.102.216",
            "ip_tags": {},
            "ip_version": "IPv4",
            "location": "koreacentral",
            "name": "leegh-pubip",
            "public_ip_prefix_id": null,
            "resource_group_name": "04-t1-leegh",
            "reverse_fqdn": null,
            "sku": "Standard",
            "sku_tier": "Regional",
            "tags": {},
            "timeouts": null,
            "zones": []
          },
          "sensitive_attributes": [],
          "identity_schema_version": 0,
          "private": "eyJlMmJmYjczMC1lY2FhLTExZTYtOGY4OC0zNDM2M2JjN2M0YzAiOnsiY3JlYXRlIjoxODAwMDAwMDAwMDAwLCJkZWxldGUiOjE4MDAwMDAwMDAwMDAsInJlYWQiOjMwMDAwMDAwMDAwMCwidXBkYXRlIjoxODAwMDAwMDAwMDAwfX0="
        }
      ]
    },
    {
      "module": "module.network",
      "mode": "managed",
      "type": "azurerm_public_ip",
      "name": "www_loadip",
      "provider": "module.network.provider[\"registry.terraform.io/hashicorp/azurerm\"]",
      "instances": [
        {
          "schema_version": 0,
          "attributes": {
            "allocation_method": "Static",
            "ddos_protection_mode": "VirtualNetworkInherited",
            "ddos_protection_plan_id": null,
            "domain_name_label": null,
            "domain_name_label_scope": null,
            "edge_zone": "",
            "fqdn": null,
            "id": "/subscriptions/99b79efe-ebd6-468c-b39f-5669acb259e1/resourceGroups/04-t1-leegh/providers/Microsoft.Network/publicIPAddresses/leegh-loadip",
            "idle_timeout_in_minutes": 4,
            "ip_address": "20.214.26.255",
            "ip_tags": {},
            "ip_version": "IPv4",
            "location": "koreasouth",
            "name": "leegh-loadip",
            "public_ip_prefix_id": null,
            "resource_group_name": "04-t1-leegh",
            "reverse_fqdn": null,
            "sku": "Standard",
            "sku_tier": "Regional",
            "tags": {},
            "timeouts": null,
            "zones": []
          },
          "sensitive_attributes": [],
          "identity_schema_version": 0,
          "private": "eyJlMmJmYjczMC1lY2FhLTExZTYtOGY4OC0zNDM2M2JjN2M0YzAiOnsiY3JlYXRlIjoxODAwMDAwMDAwMDAwLCJkZWxldGUiOjE4MDAwMDAwMDAwMDAsInJlYWQiOjMwMDAwMDAwMDAwMCwidXBkYXRlIjoxODAwMDAwMDAwMDAwfX0="
        }
      ]
    },
    {
      "module": "module.network",
      "mode": "managed",
      "type": "azurerm_public_ip",
      "name": "www_natip",
      "provider": "module.network.provider[\"registry.terraform.io/hashicorp/azurerm\"]",
      "instances": [
        {
          "schema_version": 0,
          "attributes": {
            "allocation_method": "Static",
            "ddos_protection_mode": "VirtualNetworkInherited",
            "ddos_protection_plan_id": null,
            "domain_name_label": null,
            "domain_name_label_scope": null,
            "edge_zone": "",
            "fqdn": null,
            "id": "/subscriptions/99b79efe-ebd6-468c-b39f-5669acb259e1/resourceGroups/04-t1-leegh/providers/Microsoft.Network/publicIPAddresses/leegh-natip",
            "idle_timeout_in_minutes": 4,
            "ip_address": "52.231.51.11",
            "ip_tags": {},
            "ip_version": "IPv4",
            "location": "koreacentral",
            "name": "leegh-natip",
            "public_ip_prefix_id": null,
            "resource_group_name": "04-t1-leegh",
            "reverse_fqdn": null,
            "sku": "Standard",
            "sku_tier": "Regional",
            "tags": {},
            "timeouts": null,
            "zones": []
          },
          "sensitive_attributes": [],
          "identity_schema_version": 0,
          "private": "eyJlMmJmYjczMC1lY2FhLTExZTYtOGY4OC0zNDM2M2JjN2M0YzAiOnsiY3JlYXRlIjoxODAwMDAwMDAwMDAwLCJkZWxldGUiOjE4MDAwMDAwMDAwMDAsInJlYWQiOjMwMDAwMDAwMDAwMCwidXBkYXRlIjoxODAwMDAwMDAwMDAwfX0="
        }
      ]
    },
    {
      "module": "module.network",
      "mode": "managed",
      "type": "azurerm_public_ip",
      "name": "www_natip_v1",
      "provider": "module.network.provider[\"registry.terraform.io/hashicorp/azurerm\"]",
      "instances": [
        {
          "schema_version": 0,
          "attributes": {
            "allocation_method": "Static",
            "ddos_protection_mode": "VirtualNetworkInherited",
            "ddos_protection_plan_id": null,
            "domain_name_label": null,
            "domain_name_label_scope": null,
            "edge_zone": "",
            "fqdn": null,
            "id": "/subscriptions/99b79efe-ebd6-468c-b39f-5669acb259e1/resourceGroups/04-t1-leegh/providers/Microsoft.Network/publicIPAddresses/leegh-natip-v1",
            "idle_timeout_in_minutes": 4,
            "ip_address": "40.89.214.138",
            "ip_tags": {},
            "ip_version": "IPv4",
            "location": "koreasouth",
            "name": "leegh-natip-v1",
            "public_ip_prefix_id": null,
            "resource_group_name": "04-t1-leegh",
            "reverse_fqdn": null,
            "sku": "Standard",
            "sku_tier": "Regional",
            "tags": {},
            "timeouts": null,
            "zones": []
          },
          "sensitive_attributes": [],
          "identity_schema_version": 0,
          "private": "eyJlMmJmYjczMC1lY2FhLTExZTYtOGY4OC0zNDM2M2JjN2M0YzAiOnsiY3JlYXRlIjoxODAwMDAwMDAwMDAwLCJkZWxldGUiOjE4MDAwMDAwMDAwMDAsInJlYWQiOjMwMDAwMDAwMDAwMCwidXBkYXRlIjoxODAwMDAwMDAwMDAwfX0="
        }
      ]
    },
    {
      "module": "module.network",
      "mode": "managed",
      "type": "azurerm_subnet",
      "name": "www_app",
      "provider": "module.network.provider[\"registry.terraform.io/hashicorp/azurerm\"]",
      "instances": [
        {
          "schema_version": 0,
          "attributes": {
            "address_prefixes": [
              "192.168.0.0/24"
            ],
            "default_outbound_access_enabled": true,
            "delegation": [],
            "id": "/subscriptions/99b79efe-ebd6-468c-b39f-5669acb259e1/resourceGroups/04-t1-leegh/providers/Microsoft.Network/virtualNetworks/leegh-vnet1/subnets/leegh-app",
            "ip_address_pool": [],
            "name": "leegh-app",
            "private_endpoint_network_policies": "Disabled",
            "private_link_service_network_policies_enabled": true,
            "resource_group_name": "04-t1-leegh",
            "service_endpoint_policy_ids": [],
            "service_endpoints": [],
            "sharing_scope": "",
            "timeouts": null,
            "virtual_network_name": "leegh-vnet1"
          },
          "sensitive_attributes": [],
          "identity_schema_version": 0,
          "identity": {
            "name": "leegh-app",
            "resource_group_name": "04-t1-leegh",
            "subscription_id": "99b79efe-ebd6-468c-b39f-5669acb259e1",
            "virtual_network_name": "leegh-vnet1"
          },
          "private": "eyJlMmJmYjczMC1lY2FhLTExZTYtOGY4OC0zNDM2M2JjN2M0YzAiOnsiY3JlYXRlIjoxODAwMDAwMDAwMDAwLCJkZWxldGUiOjE4MDAwMDAwMDAwMDAsInJlYWQiOjMwMDAwMDAwMDAwMCwidXBkYXRlIjoxODAwMDAwMDAwMDAwfX0=",
          "dependencies": [
            "module.network.azurerm_virtual_network.www_vnet1"
          ]
        }
      ]
    },
    {
      "module": "module.network",
      "mode": "managed",
      "type": "azurerm_subnet",
      "name": "www_bas",
      "provider": "module.network.provider[\"registry.terraform.io/hashicorp/azurerm\"]",
      "instances": [
        {
          "schema_version": 0,
          "attributes": {
            "address_prefixes": [
              "10.0.0.0/24"
            ],
            "default_outbound_access_enabled": true,
            "delegation": [],
            "id": "/subscriptions/99b79efe-ebd6-468c-b39f-5669acb259e1/resourceGroups/04-t1-leegh/providers/Microsoft.Network/virtualNetworks/leegh-vnet0/subnets/leegh-bas",
            "ip_address_pool": [],
            "name": "leegh-bas",
            "private_endpoint_network_policies": "Disabled",
            "private_link_service_network_policies_enabled": true,
            "resource_group_name": "04-t1-leegh",
            "service_endpoint_policy_ids": [],
            "service_endpoints": [],
            "sharing_scope": "",
            "timeouts": null,
            "virtual_network_name": "leegh-vnet0"
          },
          "sensitive_attributes": [],
          "identity_schema_version": 0,
          "identity": {
            "name": "leegh-bas",
            "resource_group_name": "04-t1-leegh",
            "subscription_id": "99b79efe-ebd6-468c-b39f-5669acb259e1",
            "virtual_network_name": "leegh-vnet0"
          },
          "private": "eyJlMmJmYjczMC1lY2FhLTExZTYtOGY4OC0zNDM2M2JjN2M0YzAiOnsiY3JlYXRlIjoxODAwMDAwMDAwMDAwLCJkZWxldGUiOjE4MDAwMDAwMDAwMDAsInJlYWQiOjMwMDAwMDAwMDAwMCwidXBkYXRlIjoxODAwMDAwMDAwMDAwfX0=",
          "dependencies": [
            "module.network.azurerm_virtual_network.www_vnet0"
          ]
        }
      ]
    },
    {
      "module": "module.network",
      "mode": "managed",
      "type": "azurerm_subnet",
      "name": "www_db",
      "provider": "module.network.provider[\"registry.terraform.io/hashicorp/azurerm\"]",
      "instances": [
        {
          "schema_version": 0,
          "attributes": {
            "address_prefixes": [
              "10.0.4.0/24"
            ],
            "default_outbound_access_enabled": false,
            "delegation": [],
            "id": "/subscriptions/99b79efe-ebd6-468c-b39f-5669acb259e1/resourceGroups/04-t1-leegh/providers/Microsoft.Network/virtualNetworks/leegh-vnet0/subnets/leegh-db",
            "ip_address_pool": [],
            "name": "leegh-db",
            "private_endpoint_network_policies": "Disabled",
            "private_link_service_network_policies_enabled": true,
            "resource_group_name": "04-t1-leegh",
            "service_endpoint_policy_ids": [],
            "service_endpoints": [
              "Microsoft.Storage"
            ],
            "sharing_scope": "",
            "timeouts": null,
            "virtual_network_name": "leegh-vnet0"
          },
          "sensitive_attributes": [],
          "identity_schema_version": 0,
          "identity": {
            "name": "leegh-db",
            "resource_group_name": "04-t1-leegh",
            "subscription_id": "99b79efe-ebd6-468c-b39f-5669acb259e1",
            "virtual_network_name": "leegh-vnet0"
          },
          "private": "eyJlMmJmYjczMC1lY2FhLTExZTYtOGY4OC0zNDM2M2JjN2M0YzAiOnsiY3JlYXRlIjoxODAwMDAwMDAwMDAwLCJkZWxldGUiOjE4MDAwMDAwMDAwMDAsInJlYWQiOjMwMDAwMDAwMDAwMCwidXBkYXRlIjoxODAwMDAwMDAwMDAwfX0=",
          "dependencies": [
            "module.network.azurerm_virtual_network.www_vnet0"
          ]
        }
      ]
    },
    {
      "module": "module.network",
      "mode": "managed",
      "type": "azurerm_subnet",
      "name": "www_load",
      "provider": "module.network.provider[\"registry.terraform.io/hashicorp/azurerm\"]",
      "instances": [
        {
          "schema_version": 0,
          "attributes": {
            "address_prefixes": [
              "192.168.2.0/24"
            ],
            "default_outbound_access_enabled": true,
            "delegation": [],
            "id": "/subscriptions/99b79efe-ebd6-468c-b39f-5669acb259e1/resourceGroups/04-t1-leegh/providers/Microsoft.Network/virtualNetworks/leegh-vnet1/subnets/leegh-load",
            "ip_address_pool": [],
            "name": "leegh-load",
            "private_endpoint_network_policies": "Disabled",
            "private_link_service_network_policies_enabled": true,
            "resource_group_name": "04-t1-leegh",
            "service_endpoint_policy_ids": [],
            "service_endpoints": [],
            "sharing_scope": "",
            "timeouts": null,
            "virtual_network_name": "leegh-vnet1"
          },
          "sensitive_attributes": [],
          "identity_schema_version": 0,
          "identity": {
            "name": "leegh-load",
            "resource_group_name": "04-t1-leegh",
            "subscription_id": "99b79efe-ebd6-468c-b39f-5669acb259e1",
            "virtual_network_name": "leegh-vnet1"
          },
          "private": "eyJlMmJmYjczMC1lY2FhLTExZTYtOGY4OC0zNDM2M2JjN2M0YzAiOnsiY3JlYXRlIjoxODAwMDAwMDAwMDAwLCJkZWxldGUiOjE4MDAwMDAwMDAwMDAsInJlYWQiOjMwMDAwMDAwMDAwMCwidXBkYXRlIjoxODAwMDAwMDAwMDAwfX0=",
          "dependencies": [
            "module.network.azurerm_virtual_network.www_vnet1"
          ]
        }
      ]
    },
    {
      "module": "module.network",
      "mode": "managed",
      "type": "azurerm_subnet",
      "name": "www_nat",
      "provider": "module.network.provider[\"registry.terraform.io/hashicorp/azurerm\"]",
      "instances": [
        {
          "schema_version": 0,
          "attributes": {
            "address_prefixes": [
              "10.0.1.0/24"
            ],
            "default_outbound_access_enabled": true,
            "delegation": [],
            "id": "/subscriptions/99b79efe-ebd6-468c-b39f-5669acb259e1/resourceGroups/04-t1-leegh/providers/Microsoft.Network/virtualNetworks/leegh-vnet0/subnets/leegh-nat",
            "ip_address_pool": [],
            "name": "leegh-nat",
            "private_endpoint_network_policies": "Disabled",
            "private_link_service_network_policies_enabled": true,
            "resource_group_name": "04-t1-leegh",
            "service_endpoint_policy_ids": [],
            "service_endpoints": [],
            "sharing_scope": "",
            "timeouts": null,
            "virtual_network_name": "leegh-vnet0"
          },
          "sensitive_attributes": [],
          "identity_schema_version": 0,
          "identity": {
            "name": "leegh-nat",
            "resource_group_name": "04-t1-leegh",
            "subscription_id": "99b79efe-ebd6-468c-b39f-5669acb259e1",
            "virtual_network_name": "leegh-vnet0"
          },
          "private": "eyJlMmJmYjczMC1lY2FhLTExZTYtOGY4OC0zNDM2M2JjN2M0YzAiOnsiY3JlYXRlIjoxODAwMDAwMDAwMDAwLCJkZWxldGUiOjE4MDAwMDAwMDAwMDAsInJlYWQiOjMwMDAwMDAwMDAwMCwidXBkYXRlIjoxODAwMDAwMDAwMDAwfX0=",
          "dependencies": [
            "module.network.azurerm_virtual_network.www_vnet0"
          ]
        }
      ]
    },
    {
      "module": "module.network",
      "mode": "managed",
      "type": "azurerm_subnet",
      "name": "www_nat_v1",
      "provider": "module.network.provider[\"registry.terraform.io/hashicorp/azurerm\"]",
      "instances": [
        {
          "schema_version": 0,
          "attributes": {
            "address_prefixes": [
              "192.168.1.0/24"
            ],
            "default_outbound_access_enabled": true,
            "delegation": [],
            "id": "/subscriptions/99b79efe-ebd6-468c-b39f-5669acb259e1/resourceGroups/04-t1-leegh/providers/Microsoft.Network/virtualNetworks/leegh-vnet1/subnets/leegh-nat-v1",
            "ip_address_pool": [],
            "name": "leegh-nat-v1",
            "private_endpoint_network_policies": "Disabled",
            "private_link_service_network_policies_enabled": true,
            "resource_group_name": "04-t1-leegh",
            "service_endpoint_policy_ids": [],
            "service_endpoints": [],
            "sharing_scope": "",
            "timeouts": null,
            "virtual_network_name": "leegh-vnet1"
          },
          "sensitive_attributes": [],
          "identity_schema_version": 0,
          "identity": {
            "name": "leegh-nat-v1",
            "resource_group_name": "04-t1-leegh",
            "subscription_id": "99b79efe-ebd6-468c-b39f-5669acb259e1",
            "virtual_network_name": "leegh-vnet1"
          },
          "private": "eyJlMmJmYjczMC1lY2FhLTExZTYtOGY4OC0zNDM2M2JjN2M0YzAiOnsiY3JlYXRlIjoxODAwMDAwMDAwMDAwLCJkZWxldGUiOjE4MDAwMDAwMDAwMDAsInJlYWQiOjMwMDAwMDAwMDAwMCwidXBkYXRlIjoxODAwMDAwMDAwMDAwfX0=",
          "dependencies": [
            "module.network.azurerm_virtual_network.www_vnet1"
          ]
        }
      ]
    },
    {
      "module": "module.network",
      "mode": "managed",
      "type": "azurerm_subnet",
      "name": "www_vmss",
      "provider": "module.network.provider[\"registry.terraform.io/hashicorp/azurerm\"]",
      "instances": [
        {
          "schema_version": 0,
          "attributes": {
            "address_prefixes": [
              "192.168.5.0/24"
            ],
            "default_outbound_access_enabled": false,
            "delegation": [],
            "id": "/subscriptions/99b79efe-ebd6-468c-b39f-5669acb259e1/resourceGroups/04-t1-leegh/providers/Microsoft.Network/virtualNetworks/leegh-vnet1/subnets/leegh-vmss",
            "ip_address_pool": [],
            "name": "leegh-vmss",
            "private_endpoint_network_policies": "Disabled",
            "private_link_service_network_policies_enabled": true,
            "resource_group_name": "04-t1-leegh",
            "service_endpoint_policy_ids": [],
            "service_endpoints": [],
            "sharing_scope": "",
            "timeouts": null,
            "virtual_network_name": "leegh-vnet1"
          },
          "sensitive_attributes": [],
          "identity_schema_version": 0,
          "identity": {
            "name": "leegh-vmss",
            "resource_group_name": "04-t1-leegh",
            "subscription_id": "99b79efe-ebd6-468c-b39f-5669acb259e1",
            "virtual_network_name": "leegh-vnet1"
          },
          "private": "eyJlMmJmYjczMC1lY2FhLTExZTYtOGY4OC0zNDM2M2JjN2M0YzAiOnsiY3JlYXRlIjoxODAwMDAwMDAwMDAwLCJkZWxldGUiOjE4MDAwMDAwMDAwMDAsInJlYWQiOjMwMDAwMDAwMDAwMCwidXBkYXRlIjoxODAwMDAwMDAwMDAwfX0=",
          "dependencies": [
            "module.network.azurerm_virtual_network.www_vnet1"
          ]
        }
      ]
    },
    {
      "module": "module.network",
      "mode": "managed",
      "type": "azurerm_subnet",
      "name": "www_web1",
      "provider": "module.network.provider[\"registry.terraform.io/hashicorp/azurerm\"]",
      "instances": [
        {
          "schema_version": 0,
          "attributes": {
            "address_prefixes": [
              "10.0.2.0/24"
            ],
            "default_outbound_access_enabled": false,
            "delegation": [],
            "id": "/subscriptions/99b79efe-ebd6-468c-b39f-5669acb259e1/resourceGroups/04-t1-leegh/providers/Microsoft.Network/virtualNetworks/leegh-vnet0/subnets/leegh-web1",
            "ip_address_pool": [],
            "name": "leegh-web1",
            "private_endpoint_network_policies": "Disabled",
            "private_link_service_network_policies_enabled": true,
            "resource_group_name": "04-t1-leegh",
            "service_endpoint_policy_ids": [],
            "service_endpoints": [],
            "sharing_scope": "",
            "timeouts": null,
            "virtual_network_name": "leegh-vnet0"
          },
          "sensitive_attributes": [],
          "identity_schema_version": 0,
          "identity": {
            "name": "leegh-web1",
            "resource_group_name": "04-t1-leegh",
            "subscription_id": "99b79efe-ebd6-468c-b39f-5669acb259e1",
            "virtual_network_name": "leegh-vnet0"
          },
          "private": "eyJlMmJmYjczMC1lY2FhLTExZTYtOGY4OC0zNDM2M2JjN2M0YzAiOnsiY3JlYXRlIjoxODAwMDAwMDAwMDAwLCJkZWxldGUiOjE4MDAwMDAwMDAwMDAsInJlYWQiOjMwMDAwMDAwMDAwMCwidXBkYXRlIjoxODAwMDAwMDAwMDAwfX0=",
          "dependencies": [
            "module.network.azurerm_virtual_network.www_vnet0"
          ]
        }
      ]
    },
    {
      "module": "module.network",
      "mode": "managed",
      "type": "azurerm_subnet",
      "name": "www_web1_v1",
      "provider": "module.network.provider[\"registry.terraform.io/hashicorp/azurerm\"]",
      "instances": [
        {
          "schema_version": 0,
          "attributes": {
            "address_prefixes": [
              "192.168.3.0/24"
            ],
            "default_outbound_access_enabled": false,
            "delegation": [],
            "id": "/subscriptions/99b79efe-ebd6-468c-b39f-5669acb259e1/resourceGroups/04-t1-leegh/providers/Microsoft.Network/virtualNetworks/leegh-vnet1/subnets/leegh-web1-v1",
            "ip_address_pool": [],
            "name": "leegh-web1-v1",
            "private_endpoint_network_policies": "Disabled",
            "private_link_service_network_policies_enabled": true,
            "resource_group_name": "04-t1-leegh",
            "service_endpoint_policy_ids": [],
            "service_endpoints": [],
            "sharing_scope": "",
            "timeouts": null,
            "virtual_network_name": "leegh-vnet1"
          },
          "sensitive_attributes": [],
          "identity_schema_version": 0,
          "identity": {
            "name": "leegh-web1-v1",
            "resource_group_name": "04-t1-leegh",
            "subscription_id": "99b79efe-ebd6-468c-b39f-5669acb259e1",
            "virtual_network_name": "leegh-vnet1"
          },
          "private": "eyJlMmJmYjczMC1lY2FhLTExZTYtOGY4OC0zNDM2M2JjN2M0YzAiOnsiY3JlYXRlIjoxODAwMDAwMDAwMDAwLCJkZWxldGUiOjE4MDAwMDAwMDAwMDAsInJlYWQiOjMwMDAwMDAwMDAwMCwidXBkYXRlIjoxODAwMDAwMDAwMDAwfX0=",
          "dependencies": [
            "module.network.azurerm_virtual_network.www_vnet1"
          ]
        }
      ]
    },
    {
      "module": "module.network",
      "mode": "managed",
      "type": "azurerm_subnet",
      "name": "www_web2",
      "provider": "module.network.provider[\"registry.terraform.io/hashicorp/azurerm\"]",
      "instances": [
        {
          "schema_version": 0,
          "attributes": {
            "address_prefixes": [
              "10.0.3.0/24"
            ],
            "default_outbound_access_enabled": false,
            "delegation": [],
            "id": "/subscriptions/99b79efe-ebd6-468c-b39f-5669acb259e1/resourceGroups/04-t1-leegh/providers/Microsoft.Network/virtualNetworks/leegh-vnet0/subnets/leegh-web2",
            "ip_address_pool": [],
            "name": "leegh-web2",
            "private_endpoint_network_policies": "Disabled",
            "private_link_service_network_policies_enabled": true,
            "resource_group_name": "04-t1-leegh",
            "service_endpoint_policy_ids": [],
            "service_endpoints": [],
            "sharing_scope": "",
            "timeouts": null,
            "virtual_network_name": "leegh-vnet0"
          },
          "sensitive_attributes": [],
          "identity_schema_version": 0,
          "identity": {
            "name": "leegh-web2",
            "resource_group_name": "04-t1-leegh",
            "subscription_id": "99b79efe-ebd6-468c-b39f-5669acb259e1",
            "virtual_network_name": "leegh-vnet0"
          },
          "private": "eyJlMmJmYjczMC1lY2FhLTExZTYtOGY4OC0zNDM2M2JjN2M0YzAiOnsiY3JlYXRlIjoxODAwMDAwMDAwMDAwLCJkZWxldGUiOjE4MDAwMDAwMDAwMDAsInJlYWQiOjMwMDAwMDAwMDAwMCwidXBkYXRlIjoxODAwMDAwMDAwMDAwfX0=",
          "dependencies": [
            "module.network.azurerm_virtual_network.www_vnet0"
          ]
        }
      ]
    },
    {
      "module": "module.network",
      "mode": "managed",
      "type": "azurerm_subnet",
      "name": "www_web2_v1",
      "provider": "module.network.provider[\"registry.terraform.io/hashicorp/azurerm\"]",
      "instances": [
        {
          "schema_version": 0,
          "attributes": {
            "address_prefixes": [
              "192.168.4.0/24"
            ],
            "default_outbound_access_enabled": false,
            "delegation": [],
            "id": "/subscriptions/99b79efe-ebd6-468c-b39f-5669acb259e1/resourceGroups/04-t1-leegh/providers/Microsoft.Network/virtualNetworks/leegh-vnet1/subnets/leegh-web2-v1",
            "ip_address_pool": [],
            "name": "leegh-web2-v1",
            "private_endpoint_network_policies": "Disabled",
            "private_link_service_network_policies_enabled": true,
            "resource_group_name": "04-t1-leegh",
            "service_endpoint_policy_ids": [],
            "service_endpoints": [],
            "sharing_scope": "",
            "timeouts": null,
            "virtual_network_name": "leegh-vnet1"
          },
          "sensitive_attributes": [],
          "identity_schema_version": 0,
          "identity": {
            "name": "leegh-web2-v1",
            "resource_group_name": "04-t1-leegh",
            "subscription_id": "99b79efe-ebd6-468c-b39f-5669acb259e1",
            "virtual_network_name": "leegh-vnet1"
          },
          "private": "eyJlMmJmYjczMC1lY2FhLTExZTYtOGY4OC0zNDM2M2JjN2M0YzAiOnsiY3JlYXRlIjoxODAwMDAwMDAwMDAwLCJkZWxldGUiOjE4MDAwMDAwMDAwMDAsInJlYWQiOjMwMDAwMDAwMDAwMCwidXBkYXRlIjoxODAwMDAwMDAwMDAwfX0=",
          "dependencies": [
            "module.network.azurerm_virtual_network.www_vnet1"
          ]
        }
      ]
    },
    {
      "module": "module.network",
      "mode": "managed",
      "type": "azurerm_subnet_nat_gateway_association",
      "name": "www_natdb",
      "provider": "module.network.provider[\"registry.terraform.io/hashicorp/azurerm\"]",
      "instances": [
        {
          "schema_version": 0,
          "attributes": {
            "id": "/subscriptions/99b79efe-ebd6-468c-b39f-5669acb259e1/resourceGroups/04-t1-leegh/providers/Microsoft.Network/virtualNetworks/leegh-vnet0/subnets/leegh-db",
            "nat_gateway_id": "/subscriptions/99b79efe-ebd6-468c-b39f-5669acb259e1/resourceGroups/04-t1-leegh/providers/Microsoft.Network/natGateways/leegh-nat",
            "subnet_id": "/subscriptions/99b79efe-ebd6-468c-b39f-5669acb259e1/resourceGroups/04-t1-leegh/providers/Microsoft.Network/virtualNetworks/leegh-vnet0/subnets/leegh-db",
            "timeouts": null
          },
          "sensitive_attributes": [],
          "identity_schema_version": 0,
          "private": "eyJlMmJmYjczMC1lY2FhLTExZTYtOGY4OC0zNDM2M2JjN2M0YzAiOnsiY3JlYXRlIjoxODAwMDAwMDAwMDAwLCJkZWxldGUiOjE4MDAwMDAwMDAwMDAsInJlYWQiOjMwMDAwMDAwMDAwMH19",
          "dependencies": [
            "module.network.azurerm_nat_gateway.www_nat",
            "module.network.azurerm_subnet.www_db",
            "module.network.azurerm_virtual_network.www_vnet0"
          ]
        }
      ]
    },
    {
      "module": "module.network",
      "mode": "managed",
      "type": "azurerm_subnet_nat_gateway_association",
      "name": "www_natweb1",
      "provider": "module.network.provider[\"registry.terraform.io/hashicorp/azurerm\"]",
      "instances": [
        {
          "schema_version": 0,
          "attributes": {
            "id": "/subscriptions/99b79efe-ebd6-468c-b39f-5669acb259e1/resourceGroups/04-t1-leegh/providers/Microsoft.Network/virtualNetworks/leegh-vnet0/subnets/leegh-web1",
            "nat_gateway_id": "/subscriptions/99b79efe-ebd6-468c-b39f-5669acb259e1/resourceGroups/04-t1-leegh/providers/Microsoft.Network/natGateways/leegh-nat",
            "subnet_id": "/subscriptions/99b79efe-ebd6-468c-b39f-5669acb259e1/resourceGroups/04-t1-leegh/providers/Microsoft.Network/virtualNetworks/leegh-vnet0/subnets/leegh-web1",
            "timeouts": null
          },
          "sensitive_attributes": [],
          "identity_schema_version": 0,
          "private": "eyJlMmJmYjczMC1lY2FhLTExZTYtOGY4OC0zNDM2M2JjN2M0YzAiOnsiY3JlYXRlIjoxODAwMDAwMDAwMDAwLCJkZWxldGUiOjE4MDAwMDAwMDAwMDAsInJlYWQiOjMwMDAwMDAwMDAwMH19",
          "dependencies": [
            "module.network.azurerm_nat_gateway.www_nat",
            "module.network.azurerm_subnet.www_web1",
            "module.network.azurerm_virtual_network.www_vnet0"
          ]
        }
      ]
    },
    {
      "module": "module.network",
      "mode": "managed",
      "type": "azurerm_subnet_nat_gateway_association",
      "name": "www_natweb1_v1",
      "provider": "module.network.provider[\"registry.terraform.io/hashicorp/azurerm\"]",
      "instances": [
        {
          "schema_version": 0,
          "attributes": {
            "id": "/subscriptions/99b79efe-ebd6-468c-b39f-5669acb259e1/resourceGroups/04-t1-leegh/providers/Microsoft.Network/virtualNetworks/leegh-vnet1/subnets/leegh-web1-v1",
            "nat_gateway_id": "/subscriptions/99b79efe-ebd6-468c-b39f-5669acb259e1/resourceGroups/04-t1-leegh/providers/Microsoft.Network/natGateways/leegh-nat-v1",
            "subnet_id": "/subscriptions/99b79efe-ebd6-468c-b39f-5669acb259e1/resourceGroups/04-t1-leegh/providers/Microsoft.Network/virtualNetworks/leegh-vnet1/subnets/leegh-web1-v1",
            "timeouts": null
          },
          "sensitive_attributes": [],
          "identity_schema_version": 0,
          "private": "eyJlMmJmYjczMC1lY2FhLTExZTYtOGY4OC0zNDM2M2JjN2M0YzAiOnsiY3JlYXRlIjoxODAwMDAwMDAwMDAwLCJkZWxldGUiOjE4MDAwMDAwMDAwMDAsInJlYWQiOjMwMDAwMDAwMDAwMH19",
          "dependencies": [
            "module.network.azurerm_nat_gateway.www_nat_v1",
            "module.network.azurerm_subnet.www_web1_v1",
            "module.network.azurerm_virtual_network.www_vnet1"
          ]
        }
      ]
    },
    {
      "module": "module.network",
      "mode": "managed",
      "type": "azurerm_subnet_nat_gateway_association",
      "name": "www_natweb2",
      "provider": "module.network.provider[\"registry.terraform.io/hashicorp/azurerm\"]",
      "instances": [
        {
          "schema_version": 0,
          "attributes": {
            "id": "/subscriptions/99b79efe-ebd6-468c-b39f-5669acb259e1/resourceGroups/04-t1-leegh/providers/Microsoft.Network/virtualNetworks/leegh-vnet0/subnets/leegh-web2",
            "nat_gateway_id": "/subscriptions/99b79efe-ebd6-468c-b39f-5669acb259e1/resourceGroups/04-t1-leegh/providers/Microsoft.Network/natGateways/leegh-nat",
            "subnet_id": "/subscriptions/99b79efe-ebd6-468c-b39f-5669acb259e1/resourceGroups/04-t1-leegh/providers/Microsoft.Network/virtualNetworks/leegh-vnet0/subnets/leegh-web2",
            "timeouts": null
          },
          "sensitive_attributes": [],
          "identity_schema_version": 0,
          "private": "eyJlMmJmYjczMC1lY2FhLTExZTYtOGY4OC0zNDM2M2JjN2M0YzAiOnsiY3JlYXRlIjoxODAwMDAwMDAwMDAwLCJkZWxldGUiOjE4MDAwMDAwMDAwMDAsInJlYWQiOjMwMDAwMDAwMDAwMH19",
          "dependencies": [
            "module.network.azurerm_nat_gateway.www_nat",
            "module.network.azurerm_subnet.www_web2",
            "module.network.azurerm_virtual_network.www_vnet0"
          ]
        }
      ]
    },
    {
      "module": "module.network",
      "mode": "managed",
      "type": "azurerm_subnet_nat_gateway_association",
      "name": "www_natweb2_v1",
      "provider": "module.network.provider[\"registry.terraform.io/hashicorp/azurerm\"]",
      "instances": [
        {
          "schema_version": 0,
          "attributes": {
            "id": "/subscriptions/99b79efe-ebd6-468c-b39f-5669acb259e1/resourceGroups/04-t1-leegh/providers/Microsoft.Network/virtualNetworks/leegh-vnet1/subnets/leegh-web2-v1",
            "nat_gateway_id": "/subscriptions/99b79efe-ebd6-468c-b39f-5669acb259e1/resourceGroups/04-t1-leegh/providers/Microsoft.Network/natGateways/leegh-nat-v1",
            "subnet_id": "/subscriptions/99b79efe-ebd6-468c-b39f-5669acb259e1/resourceGroups/04-t1-leegh/providers/Microsoft.Network/virtualNetworks/leegh-vnet1/subnets/leegh-web2-v1",
            "timeouts": null
          },
          "sensitive_attributes": [],
          "identity_schema_version": 0,
          "private": "eyJlMmJmYjczMC1lY2FhLTExZTYtOGY4OC0zNDM2M2JjN2M0YzAiOnsiY3JlYXRlIjoxODAwMDAwMDAwMDAwLCJkZWxldGUiOjE4MDAwMDAwMDAwMDAsInJlYWQiOjMwMDAwMDAwMDAwMH19",
          "dependencies": [
            "module.network.azurerm_nat_gateway.www_nat_v1",
            "module.network.azurerm_subnet.www_web2_v1",
            "module.network.azurerm_virtual_network.www_vnet1"
          ]
        }
      ]
    },
    {
      "module": "module.network",
      "mode": "managed",
      "type": "azurerm_virtual_network",
      "name": "www_vnet0",
      "provider": "module.network.provider[\"registry.terraform.io/hashicorp/azurerm\"]",
      "instances": [
        {
          "schema_version": 0,
          "attributes": {
            "address_space": [
              "10.0.0.0/16"
            ],
            "bgp_community": "",
            "ddos_protection_plan": [],
            "dns_servers": [],
            "edge_zone": "",
            "encryption": [],
            "flow_timeout_in_minutes": 0,
            "guid": "691fffd9-8ec7-48f6-b3ea-87b37d37a4cf",
            "id": "/subscriptions/99b79efe-ebd6-468c-b39f-5669acb259e1/resourceGroups/04-t1-leegh/providers/Microsoft.Network/virtualNetworks/leegh-vnet0",
            "ip_address_pool": [],
            "location": "koreacentral",
            "name": "leegh-vnet0",
            "private_endpoint_vnet_policies": "Disabled",
            "resource_group_name": "04-t1-leegh",
            "subnet": [
              {
                "address_prefixes": [
                  "10.0.0.0/24"
                ],
                "default_outbound_access_enabled": true,
                "delegation": [],
                "id": "/subscriptions/99b79efe-ebd6-468c-b39f-5669acb259e1/resourceGroups/04-t1-leegh/providers/Microsoft.Network/virtualNetworks/leegh-vnet0/subnets/leegh-bas",
                "name": "leegh-bas",
                "private_endpoint_network_policies": "Disabled",
                "private_link_service_network_policies_enabled": true,
                "route_table_id": "",
                "security_group": "/subscriptions/99b79efe-ebd6-468c-b39f-5669acb259e1/resourceGroups/04-t1-leegh/providers/Microsoft.Network/networkSecurityGroups/www_nsg_ssh",
                "service_endpoint_policy_ids": [],
                "service_endpoints": []
              },
              {
                "address_prefixes": [
                  "10.0.1.0/24"
                ],
                "default_outbound_access_enabled": true,
                "delegation": [],
                "id": "/subscriptions/99b79efe-ebd6-468c-b39f-5669acb259e1/resourceGroups/04-t1-leegh/providers/Microsoft.Network/virtualNetworks/leegh-vnet0/subnets/leegh-nat",
                "name": "leegh-nat",
                "private_endpoint_network_policies": "Disabled",
                "private_link_service_network_policies_enabled": true,
                "route_table_id": "",
                "security_group": "",
                "service_endpoint_policy_ids": [],
                "service_endpoints": []
              },
              {
                "address_prefixes": [
                  "10.0.2.0/24"
                ],
                "default_outbound_access_enabled": false,
                "delegation": [],
                "id": "/subscriptions/99b79efe-ebd6-468c-b39f-5669acb259e1/resourceGroups/04-t1-leegh/providers/Microsoft.Network/virtualNetworks/leegh-vnet0/subnets/leegh-web1",
                "name": "leegh-web1",
                "private_endpoint_network_policies": "Disabled",
                "private_link_service_network_policies_enabled": true,
                "route_table_id": "",
                "security_group": "/subscriptions/99b79efe-ebd6-468c-b39f-5669acb259e1/resourceGroups/04-t1-leegh/providers/Microsoft.Network/networkSecurityGroups/www_nsg_http",
                "service_endpoint_policy_ids": [],
                "service_endpoints": []
              },
              {
                "address_prefixes": [
                  "10.0.3.0/24"
                ],
                "default_outbound_access_enabled": false,
                "delegation": [],
                "id": "/subscriptions/99b79efe-ebd6-468c-b39f-5669acb259e1/resourceGroups/04-t1-leegh/providers/Microsoft.Network/virtualNetworks/leegh-vnet0/subnets/leegh-web2",
                "name": "leegh-web2",
                "private_endpoint_network_policies": "Disabled",
                "private_link_service_network_policies_enabled": true,
                "route_table_id": "",
                "security_group": "/subscriptions/99b79efe-ebd6-468c-b39f-5669acb259e1/resourceGroups/04-t1-leegh/providers/Microsoft.Network/networkSecurityGroups/www_nsg_http",
                "service_endpoint_policy_ids": [],
                "service_endpoints": []
              },
              {
                "address_prefixes": [
                  "10.0.4.0/24"
                ],
                "default_outbound_access_enabled": false,
                "delegation": [],
                "id": "/subscriptions/99b79efe-ebd6-468c-b39f-5669acb259e1/resourceGroups/04-t1-leegh/providers/Microsoft.Network/virtualNetworks/leegh-vnet0/subnets/leegh-db",
                "name": "leegh-db",
                "private_endpoint_network_policies": "Disabled",
                "private_link_service_network_policies_enabled": true,
                "route_table_id": "",
                "security_group": "",
                "service_endpoint_policy_ids": [],
                "service_endpoints": [
                  "Microsoft.Storage"
                ]
              }
            ],
            "tags": {},
            "timeouts": null
          },
          "sensitive_attributes": [],
          "identity_schema_version": 0,
          "identity": {
            "name": "leegh-vnet0",
            "resource_group_name": "04-t1-leegh",
            "subscription_id": "99b79efe-ebd6-468c-b39f-5669acb259e1"
          },
          "private": "eyJlMmJmYjczMC1lY2FhLTExZTYtOGY4OC0zNDM2M2JjN2M0YzAiOnsiY3JlYXRlIjoxODAwMDAwMDAwMDAwLCJkZWxldGUiOjE4MDAwMDAwMDAwMDAsInJlYWQiOjMwMDAwMDAwMDAwMCwidXBkYXRlIjoxODAwMDAwMDAwMDAwfX0="
        }
      ]
    },
    {
      "module": "module.network",
      "mode": "managed",
      "type": "azurerm_virtual_network",
      "name": "www_vnet1",
      "provider": "module.network.provider[\"registry.terraform.io/hashicorp/azurerm\"]",
      "instances": [
        {
          "schema_version": 0,
          "attributes": {
            "address_space": [
              "192.168.0.0/16"
            ],
            "bgp_community": "",
            "ddos_protection_plan": [],
            "dns_servers": [],
            "edge_zone": "",
            "encryption": [],
            "flow_timeout_in_minutes": 0,
            "guid": "acb6a68a-defa-45e2-968e-38823c5ee829",
            "id": "/subscriptions/99b79efe-ebd6-468c-b39f-5669acb259e1/resourceGroups/04-t1-leegh/providers/Microsoft.Network/virtualNetworks/leegh-vnet1",
            "ip_address_pool": [],
            "location": "koreasouth",
            "name": "leegh-vnet1",
            "private_endpoint_vnet_policies": "Disabled",
            "resource_group_name": "04-t1-leegh",
            "subnet": [
              {
                "address_prefixes": [
                  "192.168.0.0/24"
                ],
                "default_outbound_access_enabled": true,
                "delegation": [],
                "id": "/subscriptions/99b79efe-ebd6-468c-b39f-5669acb259e1/resourceGroups/04-t1-leegh/providers/Microsoft.Network/virtualNetworks/leegh-vnet1/subnets/leegh-app",
                "name": "leegh-app",
                "private_endpoint_network_policies": "Disabled",
                "private_link_service_network_policies_enabled": true,
                "route_table_id": "",
                "security_group": "",
                "service_endpoint_policy_ids": [],
                "service_endpoints": []
              },
              {
                "address_prefixes": [
                  "192.168.1.0/24"
                ],
                "default_outbound_access_enabled": true,
                "delegation": [],
                "id": "/subscriptions/99b79efe-ebd6-468c-b39f-5669acb259e1/resourceGroups/04-t1-leegh/providers/Microsoft.Network/virtualNetworks/leegh-vnet1/subnets/leegh-nat-v1",
                "name": "leegh-nat-v1",
                "private_endpoint_network_policies": "Disabled",
                "private_link_service_network_policies_enabled": true,
                "route_table_id": "",
                "security_group": "",
                "service_endpoint_policy_ids": [],
                "service_endpoints": []
              },
              {
                "address_prefixes": [
                  "192.168.2.0/24"
                ],
                "default_outbound_access_enabled": true,
                "delegation": [],
                "id": "/subscriptions/99b79efe-ebd6-468c-b39f-5669acb259e1/resourceGroups/04-t1-leegh/providers/Microsoft.Network/virtualNetworks/leegh-vnet1/subnets/leegh-load",
                "name": "leegh-load",
                "private_endpoint_network_policies": "Disabled",
                "private_link_service_network_policies_enabled": true,
                "route_table_id": "",
                "security_group": "",
                "service_endpoint_policy_ids": [],
                "service_endpoints": []
              },
              {
                "address_prefixes": [
                  "192.168.3.0/24"
                ],
                "default_outbound_access_enabled": false,
                "delegation": [],
                "id": "/subscriptions/99b79efe-ebd6-468c-b39f-5669acb259e1/resourceGroups/04-t1-leegh/providers/Microsoft.Network/virtualNetworks/leegh-vnet1/subnets/leegh-web1-v1",
                "name": "leegh-web1-v1",
                "private_endpoint_network_policies": "Disabled",
                "private_link_service_network_policies_enabled": true,
                "route_table_id": "",
                "security_group": "/subscriptions/99b79efe-ebd6-468c-b39f-5669acb259e1/resourceGroups/04-t1-leegh/providers/Microsoft.Network/networkSecurityGroups/www_v1_nsg_http",
                "service_endpoint_policy_ids": [],
                "service_endpoints": []
              },
              {
                "address_prefixes": [
                  "192.168.4.0/24"
                ],
                "default_outbound_access_enabled": false,
                "delegation": [],
                "id": "/subscriptions/99b79efe-ebd6-468c-b39f-5669acb259e1/resourceGroups/04-t1-leegh/providers/Microsoft.Network/virtualNetworks/leegh-vnet1/subnets/leegh-web2-v1",
                "name": "leegh-web2-v1",
                "private_endpoint_network_policies": "Disabled",
                "private_link_service_network_policies_enabled": true,
                "route_table_id": "",
                "security_group": "",
                "service_endpoint_policy_ids": [],
                "service_endpoints": []
              },
              {
                "address_prefixes": [
                  "192.168.5.0/24"
                ],
                "default_outbound_access_enabled": false,
                "delegation": [],
                "id": "/subscriptions/99b79efe-ebd6-468c-b39f-5669acb259e1/resourceGroups/04-t1-leegh/providers/Microsoft.Network/virtualNetworks/leegh-vnet1/subnets/leegh-vmss",
                "name": "leegh-vmss",
                "private_endpoint_network_policies": "Disabled",
                "private_link_service_network_policies_enabled": true,
                "route_table_id": "",
                "security_group": "/subscriptions/99b79efe-ebd6-468c-b39f-5669acb259e1/resourceGroups/04-t1-leegh/providers/Microsoft.Network/networkSecurityGroups/www_v1_nsg_http",
                "service_endpoint_policy_ids": [],
                "service_endpoints": []
              }
            ],
            "tags": {},
            "timeouts": null
          },
          "sensitive_attributes": [],
          "identity_schema_version": 0,
          "identity": {
            "name": "leegh-vnet1",
            "resource_group_name": "04-t1-leegh",
            "subscription_id": "99b79efe-ebd6-468c-b39f-5669acb259e1"
          },
          "private": "eyJlMmJmYjczMC1lY2FhLTExZTYtOGY4OC0zNDM2M2JjN2M0YzAiOnsiY3JlYXRlIjoxODAwMDAwMDAwMDAwLCJkZWxldGUiOjE4MDAwMDAwMDAwMDAsInJlYWQiOjMwMDAwMDAwMDAwMCwidXBkYXRlIjoxODAwMDAwMDAwMDAwfX0="
        }
      ]
    },
    {
      "module": "module.network",
      "mode": "managed",
      "type": "azurerm_virtual_network_peering",
      "name": "peer_ctr_sth",
      "provider": "module.network.provider[\"registry.terraform.io/hashicorp/azurerm\"]",
      "instances": [
        {
          "schema_version": 0,
          "attributes": {
            "allow_forwarded_traffic": false,
            "allow_gateway_transit": false,
            "allow_virtual_network_access": true,
            "id": "/subscriptions/99b79efe-ebd6-468c-b39f-5669acb259e1/resourceGroups/04-t1-leegh/providers/Microsoft.Network/virtualNetworks/leegh-vnet0/virtualNetworkPeerings/ctr-sth",
            "local_subnet_names": [],
            "name": "ctr-sth",
            "only_ipv6_peering_enabled": false,
            "peer_complete_virtual_networks_enabled": true,
            "remote_subnet_names": [],
            "remote_virtual_network_id": "/subscriptions/99b79efe-ebd6-468c-b39f-5669acb259e1/resourceGroups/04-t1-leegh/providers/Microsoft.Network/virtualNetworks/leegh-vnet1",
            "resource_group_name": "04-t1-leegh",
            "timeouts": null,
            "triggers": null,
            "use_remote_gateways": false,
            "virtual_network_name": "leegh-vnet0"
          },
          "sensitive_attributes": [],
          "identity_schema_version": 0,
          "private": "eyJlMmJmYjczMC1lY2FhLTExZTYtOGY4OC0zNDM2M2JjN2M0YzAiOnsiY3JlYXRlIjoxODAwMDAwMDAwMDAwLCJkZWxldGUiOjE4MDAwMDAwMDAwMDAsInJlYWQiOjMwMDAwMDAwMDAwMCwidXBkYXRlIjoxODAwMDAwMDAwMDAwfX0=",
          "dependencies": [
            "module.network.azurerm_virtual_network.www_vnet0",
            "module.network.azurerm_virtual_network.www_vnet1"
          ]
        }
      ]
    },
    {
      "module": "module.network",
      "mode": "managed",
      "type": "azurerm_virtual_network_peering",
      "name": "peer_sth_ctr",
      "provider": "module.network.provider[\"registry.terraform.io/hashicorp/azurerm\"]",
      "instances": [
        {
          "schema_version": 0,
          "attributes": {
            "allow_forwarded_traffic": false,
            "allow_gateway_transit": false,
            "allow_virtual_network_access": true,
            "id": "/subscriptions/99b79efe-ebd6-468c-b39f-5669acb259e1/resourceGroups/04-t1-leegh/providers/Microsoft.Network/virtualNetworks/leegh-vnet1/virtualNetworkPeerings/sth-ctr",
            "local_subnet_names": [],
            "name": "sth-ctr",
            "only_ipv6_peering_enabled": false,
            "peer_complete_virtual_networks_enabled": true,
            "remote_subnet_names": [],
            "remote_virtual_network_id": "/subscriptions/99b79efe-ebd6-468c-b39f-5669acb259e1/resourceGroups/04-t1-leegh/providers/Microsoft.Network/virtualNetworks/leegh-vnet0",
            "resource_group_name": "04-t1-leegh",
            "timeouts": null,
            "triggers": null,
            "use_remote_gateways": false,
            "virtual_network_name": "leegh-vnet1"
          },
          "sensitive_attributes": [],
          "identity_schema_version": 0,
          "private": "eyJlMmJmYjczMC1lY2FhLTExZTYtOGY4OC0zNDM2M2JjN2M0YzAiOnsiY3JlYXRlIjoxODAwMDAwMDAwMDAwLCJkZWxldGUiOjE4MDAwMDAwMDAwMDAsInJlYWQiOjMwMDAwMDAwMDAwMCwidXBkYXRlIjoxODAwMDAwMDAwMDAwfX0=",
          "dependencies": [
            "module.network.azurerm_virtual_network.www_vnet0",
            "module.network.azurerm_virtual_network.www_vnet1"
          ]
        }
      ]
    },
    {
      "module": "module.security",
      "mode": "managed",
      "type": "azurerm_network_security_group",
      "name": "www_nsg_db",
      "provider": "provider[\"registry.terraform.io/hashicorp/azurerm\"]",
      "instances": [
        {
          "schema_version": 0,
          "attributes": {
            "id": "/subscriptions/99b79efe-ebd6-468c-b39f-5669acb259e1/resourceGroups/04-t1-leegh/providers/Microsoft.Network/networkSecurityGroups/www_nsg_db",
            "location": "koreacentral",
            "name": "www_nsg_db",
            "resource_group_name": "04-t1-leegh",
            "security_rule": [
              {
                "access": "Allow",
                "description": "",
                "destination_address_prefix": "10.0.0.0/16",
                "destination_address_prefixes": [],
                "destination_application_security_group_ids": [],
                "destination_port_range": "22",
                "destination_port_ranges": [],
                "direction": "Inbound",
                "name": "ssh",
                "priority": 100,
                "protocol": "Tcp",
                "source_address_prefix": "",
                "source_address_prefixes": [
                  "10.0.0.0/16",
                  "192.168.0.0/16",
                  "61.108.60.26"
                ],
                "source_application_security_group_ids": [],
                "source_port_range": "*",
                "source_port_ranges": []
              },
              {
                "access": "Allow",
                "description": "",
                "destination_address_prefix": "10.0.0.0/16",
                "destination_address_prefixes": [],
                "destination_application_security_group_ids": [],
                "destination_port_range": "3306",
                "destination_port_ranges": [],
                "direction": "Inbound",
                "name": "db",
                "priority": 300,
                "protocol": "Tcp",
                "source_address_prefix": "",
                "source_address_prefixes": [
                  "10.0.0.0/16",
                  "192.168.0.0/16"
                ],
                "source_application_security_group_ids": [],
                "source_port_range": "*",
                "source_port_ranges": []
              }
            ],
            "tags": {},
            "timeouts": null
          },
          "sensitive_attributes": [],
          "identity_schema_version": 0,
          "identity": {
            "name": "www_nsg_db",
            "resource_group_name": "04-t1-leegh",
            "subscription_id": "99b79efe-ebd6-468c-b39f-5669acb259e1"
          },
          "private": "eyJlMmJmYjczMC1lY2FhLTExZTYtOGY4OC0zNDM2M2JjN2M0YzAiOnsiY3JlYXRlIjoxODAwMDAwMDAwMDAwLCJkZWxldGUiOjE4MDAwMDAwMDAwMDAsInJlYWQiOjMwMDAwMDAwMDAwMCwidXBkYXRlIjoxODAwMDAwMDAwMDAwfX0="
        }
      ]
    },
    {
      "module": "module.security",
      "mode": "managed",
      "type": "azurerm_network_security_group",
      "name": "www_nsg_http",
      "provider": "provider[\"registry.terraform.io/hashicorp/azurerm\"]",
      "instances": [
        {
          "schema_version": 0,
          "attributes": {
            "id": "/subscriptions/99b79efe-ebd6-468c-b39f-5669acb259e1/resourceGroups/04-t1-leegh/providers/Microsoft.Network/networkSecurityGroups/www_nsg_http",
            "location": "koreacentral",
            "name": "www_nsg_http",
            "resource_group_name": "04-t1-leegh",
            "security_rule": [
              {
                "access": "Allow",
                "description": "",
                "destination_address_prefix": "10.0.0.0/16",
                "destination_address_prefixes": [],
                "destination_application_security_group_ids": [],
                "destination_port_range": "22",
                "destination_port_ranges": [],
                "direction": "Inbound",
                "name": "ssh",
                "priority": 100,
                "protocol": "Tcp",
                "source_address_prefix": "",
                "source_address_prefixes": [
                  "10.0.0.0/16",
                  "192.168.0.0/16",
                  "61.108.60.26"
                ],
                "source_application_security_group_ids": [],
                "source_port_range": "*",
                "source_port_ranges": []
              },
              {
                "access": "Allow",
                "description": "",
                "destination_address_prefix": "10.0.0.0/16",
                "destination_address_prefixes": [],
                "destination_application_security_group_ids": [],
                "destination_port_range": "80",
                "destination_port_ranges": [],
                "direction": "Inbound",
                "name": "http",
                "priority": 200,
                "protocol": "Tcp",
                "source_address_prefix": "*",
                "source_address_prefixes": [],
                "source_application_security_group_ids": [],
                "source_port_range": "*",
                "source_port_ranges": []
              }
            ],
            "tags": {},
            "timeouts": null
          },
          "sensitive_attributes": [],
          "identity_schema_version": 0,
          "identity": {
            "name": "www_nsg_http",
            "resource_group_name": "04-t1-leegh",
            "subscription_id": "99b79efe-ebd6-468c-b39f-5669acb259e1"
          },
          "private": "eyJlMmJmYjczMC1lY2FhLTExZTYtOGY4OC0zNDM2M2JjN2M0YzAiOnsiY3JlYXRlIjoxODAwMDAwMDAwMDAwLCJkZWxldGUiOjE4MDAwMDAwMDAwMDAsInJlYWQiOjMwMDAwMDAwMDAwMCwidXBkYXRlIjoxODAwMDAwMDAwMDAwfX0="
        }
      ]
    },
    {
      "module": "module.security",
      "mode": "managed",
      "type": "azurerm_network_security_group",
      "name": "www_nsg_ssh",
      "provider": "provider[\"registry.terraform.io/hashicorp/azurerm\"]",
      "instances": [
        {
          "schema_version": 0,
          "attributes": {
            "id": "/subscriptions/99b79efe-ebd6-468c-b39f-5669acb259e1/resourceGroups/04-t1-leegh/providers/Microsoft.Network/networkSecurityGroups/www_nsg_ssh",
            "location": "koreacentral",
            "name": "www_nsg_ssh",
            "resource_group_name": "04-t1-leegh",
            "security_rule": [
              {
                "access": "Allow",
                "description": "",
                "destination_address_prefix": "10.0.0.0/16",
                "destination_address_prefixes": [],
                "destination_application_security_group_ids": [],
                "destination_port_range": "22",
                "destination_port_ranges": [],
                "direction": "Inbound",
                "name": "ssh",
                "priority": 100,
                "protocol": "Tcp",
                "source_address_prefix": "",
                "source_address_prefixes": [
                  "10.0.0.0/16",
                  "192.168.0.0/16",
                  "61.108.60.26"
                ],
                "source_application_security_group_ids": [],
                "source_port_range": "*",
                "source_port_ranges": []
              }
            ],
            "tags": {},
            "timeouts": null
          },
          "sensitive_attributes": [],
          "identity_schema_version": 0,
          "identity": {
            "name": "www_nsg_ssh",
            "resource_group_name": "04-t1-leegh",
            "subscription_id": "99b79efe-ebd6-468c-b39f-5669acb259e1"
          },
          "private": "eyJlMmJmYjczMC1lY2FhLTExZTYtOGY4OC0zNDM2M2JjN2M0YzAiOnsiY3JlYXRlIjoxODAwMDAwMDAwMDAwLCJkZWxldGUiOjE4MDAwMDAwMDAwMDAsInJlYWQiOjMwMDAwMDAwMDAwMCwidXBkYXRlIjoxODAwMDAwMDAwMDAwfX0="
        }
      ]
    },
    {
      "module": "module.security",
      "mode": "managed",
      "type": "azurerm_network_security_group",
      "name": "www_v1_nsg_http",
      "provider": "provider[\"registry.terraform.io/hashicorp/azurerm\"]",
      "instances": [
        {
          "schema_version": 0,
          "attributes": {
            "id": "/subscriptions/99b79efe-ebd6-468c-b39f-5669acb259e1/resourceGroups/04-t1-leegh/providers/Microsoft.Network/networkSecurityGroups/www_v1_nsg_http",
            "location": "koreasouth",
            "name": "www_v1_nsg_http",
            "resource_group_name": "04-t1-leegh",
            "security_rule": [
              {
                "access": "Allow",
                "description": "",
                "destination_address_prefix": "10.0.0.0/16",
                "destination_address_prefixes": [],
                "destination_application_security_group_ids": [],
                "destination_port_range": "22",
                "destination_port_ranges": [],
                "direction": "Inbound",
                "name": "ssh",
                "priority": 100,
                "protocol": "Tcp",
                "source_address_prefix": "",
                "source_address_prefixes": [
                  "10.0.0.0/16",
                  "192.168.0.0/16",
                  "61.108.60.26"
                ],
                "source_application_security_group_ids": [],
                "source_port_range": "*",
                "source_port_ranges": []
              },
              {
                "access": "Allow",
                "description": "",
                "destination_address_prefix": "10.0.0.0/16",
                "destination_address_prefixes": [],
                "destination_application_security_group_ids": [],
                "destination_port_range": "80",
                "destination_port_ranges": [],
                "direction": "Inbound",
                "name": "http",
                "priority": 200,
                "protocol": "Tcp",
                "source_address_prefix": "*",
                "source_address_prefixes": [],
                "source_application_security_group_ids": [],
                "source_port_range": "*",
                "source_port_ranges": []
              }
            ],
            "tags": {},
            "timeouts": null
          },
          "sensitive_attributes": [],
          "identity_schema_version": 0,
          "identity": {
            "name": "www_v1_nsg_http",
            "resource_group_name": "04-t1-leegh",
            "subscription_id": "99b79efe-ebd6-468c-b39f-5669acb259e1"
          },
          "private": "eyJlMmJmYjczMC1lY2FhLTExZTYtOGY4OC0zNDM2M2JjN2M0YzAiOnsiY3JlYXRlIjoxODAwMDAwMDAwMDAwLCJkZWxldGUiOjE4MDAwMDAwMDAwMDAsInJlYWQiOjMwMDAwMDAwMDAwMCwidXBkYXRlIjoxODAwMDAwMDAwMDAwfX0="
        }
      ]
    },
    {
      "module": "module.security",
      "mode": "managed",
      "type": "azurerm_subnet_network_security_group_association",
      "name": "www_asso_subnsg_bas",
      "provider": "provider[\"registry.terraform.io/hashicorp/azurerm\"]",
      "instances": [
        {
          "schema_version": 0,
          "attributes": {
            "id": "/subscriptions/99b79efe-ebd6-468c-b39f-5669acb259e1/resourceGroups/04-t1-leegh/providers/Microsoft.Network/virtualNetworks/leegh-vnet0/subnets/leegh-bas",
            "network_security_group_id": "/subscriptions/99b79efe-ebd6-468c-b39f-5669acb259e1/resourceGroups/04-t1-leegh/providers/Microsoft.Network/networkSecurityGroups/www_nsg_ssh",
            "subnet_id": "/subscriptions/99b79efe-ebd6-468c-b39f-5669acb259e1/resourceGroups/04-t1-leegh/providers/Microsoft.Network/virtualNetworks/leegh-vnet0/subnets/leegh-bas",
            "timeouts": null
          },
          "sensitive_attributes": [],
          "identity_schema_version": 0,
          "private": "eyJlMmJmYjczMC1lY2FhLTExZTYtOGY4OC0zNDM2M2JjN2M0YzAiOnsiY3JlYXRlIjoxODAwMDAwMDAwMDAwLCJkZWxldGUiOjE4MDAwMDAwMDAwMDAsInJlYWQiOjMwMDAwMDAwMDAwMH19",
          "dependencies": [
            "module.network.azurerm_subnet.www_bas",
            "module.network.azurerm_virtual_network.www_vnet0",
            "module.security.azurerm_network_security_group.www_nsg_ssh"
          ]
        }
      ]
    },
    {
      "module": "module.security",
      "mode": "managed",
      "type": "azurerm_subnet_network_security_group_association",
      "name": "www_asso_subnsg_db",
      "provider": "provider[\"registry.terraform.io/hashicorp/azurerm\"]",
      "instances": [
        {
          "schema_version": 0,
          "attributes": {
            "id": "/subscriptions/99b79efe-ebd6-468c-b39f-5669acb259e1/resourceGroups/04-t1-leegh/providers/Microsoft.Network/virtualNetworks/leegh-vnet0/subnets/leegh-db",
            "network_security_group_id": "/subscriptions/99b79efe-ebd6-468c-b39f-5669acb259e1/resourceGroups/04-t1-leegh/providers/Microsoft.Network/networkSecurityGroups/www_nsg_db",
            "subnet_id": "/subscriptions/99b79efe-ebd6-468c-b39f-5669acb259e1/resourceGroups/04-t1-leegh/providers/Microsoft.Network/virtualNetworks/leegh-vnet0/subnets/leegh-db",
            "timeouts": null
          },
          "sensitive_attributes": [],
          "identity_schema_version": 0,
          "private": "eyJlMmJmYjczMC1lY2FhLTExZTYtOGY4OC0zNDM2M2JjN2M0YzAiOnsiY3JlYXRlIjoxODAwMDAwMDAwMDAwLCJkZWxldGUiOjE4MDAwMDAwMDAwMDAsInJlYWQiOjMwMDAwMDAwMDAwMH19",
          "dependencies": [
            "module.network.azurerm_subnet.www_db",
            "module.network.azurerm_virtual_network.www_vnet0",
            "module.security.azurerm_network_security_group.www_nsg_db"
          ]
        }
      ]
    },
    {
      "module": "module.security",
      "mode": "managed",
      "type": "azurerm_subnet_network_security_group_association",
      "name": "www_asso_subnsg_web1",
      "provider": "provider[\"registry.terraform.io/hashicorp/azurerm\"]",
      "instances": [
        {
          "schema_version": 0,
          "attributes": {
            "id": "/subscriptions/99b79efe-ebd6-468c-b39f-5669acb259e1/resourceGroups/04-t1-leegh/providers/Microsoft.Network/virtualNetworks/leegh-vnet0/subnets/leegh-web1",
            "network_security_group_id": "/subscriptions/99b79efe-ebd6-468c-b39f-5669acb259e1/resourceGroups/04-t1-leegh/providers/Microsoft.Network/networkSecurityGroups/www_nsg_http",
            "subnet_id": "/subscriptions/99b79efe-ebd6-468c-b39f-5669acb259e1/resourceGroups/04-t1-leegh/providers/Microsoft.Network/virtualNetworks/leegh-vnet0/subnets/leegh-web1",
            "timeouts": null
          },
          "sensitive_attributes": [],
          "identity_schema_version": 0,
          "private": "eyJlMmJmYjczMC1lY2FhLTExZTYtOGY4OC0zNDM2M2JjN2M0YzAiOnsiY3JlYXRlIjoxODAwMDAwMDAwMDAwLCJkZWxldGUiOjE4MDAwMDAwMDAwMDAsInJlYWQiOjMwMDAwMDAwMDAwMH19",
          "dependencies": [
            "module.network.azurerm_subnet.www_web1",
            "module.network.azurerm_virtual_network.www_vnet0",
            "module.security.azurerm_network_security_group.www_nsg_http"
          ]
        }
      ]
    },
    {
      "module": "module.security",
      "mode": "managed",
      "type": "azurerm_subnet_network_security_group_association",
      "name": "www_asso_subnsg_web2",
      "provider": "provider[\"registry.terraform.io/hashicorp/azurerm\"]",
      "instances": [
        {
          "schema_version": 0,
          "attributes": {
            "id": "/subscriptions/99b79efe-ebd6-468c-b39f-5669acb259e1/resourceGroups/04-t1-leegh/providers/Microsoft.Network/virtualNetworks/leegh-vnet0/subnets/leegh-web2",
            "network_security_group_id": "/subscriptions/99b79efe-ebd6-468c-b39f-5669acb259e1/resourceGroups/04-t1-leegh/providers/Microsoft.Network/networkSecurityGroups/www_nsg_http",
            "subnet_id": "/subscriptions/99b79efe-ebd6-468c-b39f-5669acb259e1/resourceGroups/04-t1-leegh/providers/Microsoft.Network/virtualNetworks/leegh-vnet0/subnets/leegh-web2",
            "timeouts": null
          },
          "sensitive_attributes": [],
          "identity_schema_version": 0,
          "private": "eyJlMmJmYjczMC1lY2FhLTExZTYtOGY4OC0zNDM2M2JjN2M0YzAiOnsiY3JlYXRlIjoxODAwMDAwMDAwMDAwLCJkZWxldGUiOjE4MDAwMDAwMDAwMDAsInJlYWQiOjMwMDAwMDAwMDAwMH19",
          "dependencies": [
            "module.network.azurerm_subnet.www_web2",
            "module.network.azurerm_virtual_network.www_vnet0",
            "module.security.azurerm_network_security_group.www_nsg_http"
          ]
        }
      ]
    },
    {
      "module": "module.security",
      "mode": "managed",
      "type": "azurerm_subnet_network_security_group_association",
      "name": "www_v1_asso_subnsg_vmss",
      "provider": "provider[\"registry.terraform.io/hashicorp/azurerm\"]",
      "instances": [
        {
          "schema_version": 0,
          "attributes": {
            "id": "/subscriptions/99b79efe-ebd6-468c-b39f-5669acb259e1/resourceGroups/04-t1-leegh/providers/Microsoft.Network/virtualNetworks/leegh-vnet1/subnets/leegh-vmss",
            "network_security_group_id": "/subscriptions/99b79efe-ebd6-468c-b39f-5669acb259e1/resourceGroups/04-t1-leegh/providers/Microsoft.Network/networkSecurityGroups/www_v1_nsg_http",
            "subnet_id": "/subscriptions/99b79efe-ebd6-468c-b39f-5669acb259e1/resourceGroups/04-t1-leegh/providers/Microsoft.Network/virtualNetworks/leegh-vnet1/subnets/leegh-vmss",
            "timeouts": null
          },
          "sensitive_attributes": [],
          "identity_schema_version": 0,
          "private": "eyJlMmJmYjczMC1lY2FhLTExZTYtOGY4OC0zNDM2M2JjN2M0YzAiOnsiY3JlYXRlIjoxODAwMDAwMDAwMDAwLCJkZWxldGUiOjE4MDAwMDAwMDAwMDAsInJlYWQiOjMwMDAwMDAwMDAwMH19",
          "dependencies": [
            "module.network.azurerm_subnet.www_vmss",
            "module.network.azurerm_virtual_network.www_vnet1",
            "module.security.azurerm_network_security_group.www_v1_nsg_http"
          ]
        }
      ]
    },
    {
      "module": "module.security",
      "mode": "managed",
      "type": "azurerm_subnet_network_security_group_association",
      "name": "www_v1_asso_subnsg_web1",
      "provider": "provider[\"registry.terraform.io/hashicorp/azurerm\"]",
      "instances": [
        {
          "schema_version": 0,
          "attributes": {
            "id": "/subscriptions/99b79efe-ebd6-468c-b39f-5669acb259e1/resourceGroups/04-t1-leegh/providers/Microsoft.Network/virtualNetworks/leegh-vnet1/subnets/leegh-web1-v1",
            "network_security_group_id": "/subscriptions/99b79efe-ebd6-468c-b39f-5669acb259e1/resourceGroups/04-t1-leegh/providers/Microsoft.Network/networkSecurityGroups/www_v1_nsg_http",
            "subnet_id": "/subscriptions/99b79efe-ebd6-468c-b39f-5669acb259e1/resourceGroups/04-t1-leegh/providers/Microsoft.Network/virtualNetworks/leegh-vnet1/subnets/leegh-web1-v1",
            "timeouts": null
          },
          "sensitive_attributes": [],
          "identity_schema_version": 0,
          "private": "eyJlMmJmYjczMC1lY2FhLTExZTYtOGY4OC0zNDM2M2JjN2M0YzAiOnsiY3JlYXRlIjoxODAwMDAwMDAwMDAwLCJkZWxldGUiOjE4MDAwMDAwMDAwMDAsInJlYWQiOjMwMDAwMDAwMDAwMH19",
          "dependencies": [
            "module.network.azurerm_subnet.www_web1_v1",
            "module.network.azurerm_virtual_network.www_vnet1",
            "module.security.azurerm_network_security_group.www_v1_nsg_http"
          ]
        }
      ]
    },
    {
      "module": "module.storage",
      "mode": "managed",
      "type": "azurerm_storage_account",
      "name": "premium_sa",
      "provider": "provider[\"registry.terraform.io/hashicorp/azurerm\"]",
      "instances": [
        {
          "schema_version": 4,
          "attributes": {
            "access_tier": "",
            "account_kind": "BlockBlobStorage",
            "account_replication_type": "LRS",
            "account_tier": "Premium",
            "allow_nested_items_to_be_public": true,
            "allowed_copy_scope": "",
            "azure_files_authentication": [],
            "blob_properties": [
              {
                "change_feed_enabled": false,
                "change_feed_retention_in_days": 0,
                "container_delete_retention_policy": [],
                "cors_rule": [],
                "default_service_version": "",
                "delete_retention_policy": [],
                "last_access_time_enabled": false,
                "restore_policy": [],
                "versioning_enabled": false
              }
            ],
            "cross_tenant_replication_enabled": false,
            "custom_domain": [],
            "customer_managed_key": [],
            "default_to_oauth_authentication": false,
            "dns_endpoint_type": "Standard",
            "edge_zone": "",
            "https_traffic_only_enabled": true,
            "id": "/subscriptions/99b79efe-ebd6-468c-b39f-5669acb259e1/resourceGroups/04-t1-leegh/providers/Microsoft.Storage/storageAccounts/wwwpremiumsak4d7u4",
            "identity": [],
            "immutability_policy": [],
            "infrastructure_encryption_enabled": false,
            "is_hns_enabled": false,
            "large_file_share_enabled": false,
            "local_user_enabled": true,
            "location": "koreacentral",
            "min_tls_version": "TLS1_2",
            "name": "wwwpremiumsak4d7u4",
            "network_rules": [
              {
                "bypass": [
                  "AzureServices"
                ],
                "default_action": "Allow",
                "ip_rules": [],
                "private_link_access": [
                  {
                    "endpoint_resource_id": "/subscriptions/99b79efe-ebd6-468c-b39f-5669acb259e1/providers/Microsoft.Security/datascanners/StorageDataScanner",
                    "endpoint_tenant_id": "548e9ef4-b1d5-48fa-b220-59f52d6db511"
                  }
                ],
                "virtual_network_subnet_ids": []
              }
            ],
            "nfsv3_enabled": false,
            "primary_access_key": "mLV3JgtI3w74dhPFaScgGh5xcMk+YxC2M3c9MWa1WOuOLzXe7MaItBIUtitx3jBnu0QnhxljS7Dp+AStxanKGg==",
            "primary_blob_connection_string": "DefaultEndpointsProtocol=https;BlobEndpoint=https://wwwpremiumsak4d7u4.blob.core.windows.net/;AccountName=wwwpremiumsak4d7u4;AccountKey=mLV3JgtI3w74dhPFaScgGh5xcMk+YxC2M3c9MWa1WOuOLzXe7MaItBIUtitx3jBnu0QnhxljS7Dp+AStxanKGg==",
            "primary_blob_endpoint": "https://wwwpremiumsak4d7u4.blob.core.windows.net/",
            "primary_blob_host": "wwwpremiumsak4d7u4.blob.core.windows.net",
            "primary_blob_internet_endpoint": "",
            "primary_blob_internet_host": "",
            "primary_blob_microsoft_endpoint": "",
            "primary_blob_microsoft_host": "",
            "primary_connection_string": "DefaultEndpointsProtocol=https;AccountName=wwwpremiumsak4d7u4;AccountKey=mLV3JgtI3w74dhPFaScgGh5xcMk+YxC2M3c9MWa1WOuOLzXe7MaItBIUtitx3jBnu0QnhxljS7Dp+AStxanKGg==;EndpointSuffix=core.windows.net",
            "primary_dfs_endpoint": "https://wwwpremiumsak4d7u4.dfs.core.windows.net/",
            "primary_dfs_host": "wwwpremiumsak4d7u4.dfs.core.windows.net",
            "primary_dfs_internet_endpoint": "",
            "primary_dfs_internet_host": "",
            "primary_dfs_microsoft_endpoint": "",
            "primary_dfs_microsoft_host": "",
            "primary_file_endpoint": "",
            "primary_file_host": "",
            "primary_file_internet_endpoint": "",
            "primary_file_internet_host": "",
            "primary_file_microsoft_endpoint": "",
            "primary_file_microsoft_host": "",
            "primary_location": "koreacentral",
            "primary_queue_endpoint": "",
            "primary_queue_host": "",
            "primary_queue_microsoft_endpoint": "",
            "primary_queue_microsoft_host": "",
            "primary_table_endpoint": "",
            "primary_table_host": "",
            "primary_table_microsoft_endpoint": "",
            "primary_table_microsoft_host": "",
            "primary_web_endpoint": "https://wwwpremiumsak4d7u4.z12.web.core.windows.net/",
            "primary_web_host": "wwwpremiumsak4d7u4.z12.web.core.windows.net",
            "primary_web_internet_endpoint": "",
            "primary_web_internet_host": "",
            "primary_web_microsoft_endpoint": "",
            "primary_web_microsoft_host": "",
            "provisioned_billing_model_version": "",
            "public_network_access_enabled": true,
            "queue_encryption_key_type": "Service",
            "queue_properties": [],
            "resource_group_name": "04-t1-leegh",
            "routing": [],
            "sas_policy": [],
            "secondary_access_key": "sXv71+P7NzJ4BSsk/Olag8fv/awgkMA2Vf4pq8m2bQT3bafR9e2YXgXbF7mUr1weh2oUc9cLgCXp+ASt5HfM3Q==",
            "secondary_blob_connection_string": "",
            "secondary_blob_endpoint": "",
            "secondary_blob_host": "",
            "secondary_blob_internet_endpoint": "",
            "secondary_blob_internet_host": "",
            "secondary_blob_microsoft_endpoint": "",
            "secondary_blob_microsoft_host": "",
            "secondary_connection_string": "DefaultEndpointsProtocol=https;AccountName=wwwpremiumsak4d7u4;AccountKey=sXv71+P7NzJ4BSsk/Olag8fv/awgkMA2Vf4pq8m2bQT3bafR9e2YXgXbF7mUr1weh2oUc9cLgCXp+ASt5HfM3Q==;EndpointSuffix=core.windows.net",
            "secondary_dfs_endpoint": "",
            "secondary_dfs_host": "",
            "secondary_dfs_internet_endpoint": "",
            "secondary_dfs_internet_host": "",
            "secondary_dfs_microsoft_endpoint": "",
            "secondary_dfs_microsoft_host": "",
            "secondary_file_endpoint": "",
            "secondary_file_host": "",
            "secondary_file_internet_endpoint": "",
            "secondary_file_internet_host": "",
            "secondary_file_microsoft_endpoint": "",
            "secondary_file_microsoft_host": "",
            "secondary_location": "",
            "secondary_queue_endpoint": "",
            "secondary_queue_host": "",
            "secondary_queue_microsoft_endpoint": "",
            "secondary_queue_microsoft_host": "",
            "secondary_table_endpoint": "",
            "secondary_table_host": "",
            "secondary_table_microsoft_endpoint": "",
            "secondary_table_microsoft_host": "",
            "secondary_web_endpoint": "",
            "secondary_web_host": "",
            "secondary_web_internet_endpoint": "",
            "secondary_web_internet_host": "",
            "secondary_web_microsoft_endpoint": "",
            "secondary_web_microsoft_host": "",
            "sftp_enabled": false,
            "share_properties": [],
            "shared_access_key_enabled": true,
            "static_website": [],
            "table_encryption_key_type": "Service",
            "tags": {},
            "timeouts": null
          },
          "sensitive_attributes": [
            [
              {
                "type": "get_attr",
                "value": "primary_access_key"
              }
            ],
            [
              {
                "type": "get_attr",
                "value": "primary_blob_connection_string"
              }
            ],
            [
              {
                "type": "get_attr",
                "value": "primary_connection_string"
              }
            ],
            [
              {
                "type": "get_attr",
                "value": "secondary_access_key"
              }
            ],
            [
              {
                "type": "get_attr",
                "value": "secondary_blob_connection_string"
              }
            ],
            [
              {
                "type": "get_attr",
                "value": "secondary_connection_string"
              }
            ]
          ],
          "identity_schema_version": 0,
          "identity": {
            "name": "wwwpremiumsak4d7u4",
            "resource_group_name": "04-t1-leegh",
            "subscription_id": "99b79efe-ebd6-468c-b39f-5669acb259e1"
          },
          "private": "eyJlMmJmYjczMC1lY2FhLTExZTYtOGY4OC0zNDM2M2JjN2M0YzAiOnsiY3JlYXRlIjozNjAwMDAwMDAwMDAwLCJkZWxldGUiOjM2MDAwMDAwMDAwMDAsInJlYWQiOjMwMDAwMDAwMDAwMCwidXBkYXRlIjozNjAwMDAwMDAwMDAwfSwic2NoZW1hX3ZlcnNpb24iOiI0In0=",
          "dependencies": [
            "module.storage.random_string.sa_suffix"
          ]
        }
      ]
    },
    {
      "module": "module.storage",
      "mode": "managed",
      "type": "azurerm_storage_account",
      "name": "www_sa",
      "provider": "provider[\"registry.terraform.io/hashicorp/azurerm\"]",
      "instances": [
        {
          "schema_version": 4,
          "attributes": {
            "access_tier": "Hot",
            "account_kind": "StorageV2",
            "account_replication_type": "GRS",
            "account_tier": "Standard",
            "allow_nested_items_to_be_public": true,
            "allowed_copy_scope": "",
            "azure_files_authentication": [],
            "blob_properties": [
              {
                "change_feed_enabled": false,
                "change_feed_retention_in_days": 0,
                "container_delete_retention_policy": [
                  {
                    "days": 7
                  }
                ],
                "cors_rule": [],
                "default_service_version": "",
                "delete_retention_policy": [
                  {
                    "days": 7,
                    "permanent_delete_enabled": false
                  }
                ],
                "last_access_time_enabled": false,
                "restore_policy": [],
                "versioning_enabled": true
              }
            ],
            "cross_tenant_replication_enabled": false,
            "custom_domain": [],
            "customer_managed_key": [],
            "default_to_oauth_authentication": false,
            "dns_endpoint_type": "Standard",
            "edge_zone": "",
            "https_traffic_only_enabled": true,
            "id": "/subscriptions/99b79efe-ebd6-468c-b39f-5669acb259e1/resourceGroups/04-t1-leegh/providers/Microsoft.Storage/storageAccounts/wwwstorage04t1leegh",
            "identity": [],
            "immutability_policy": [],
            "infrastructure_encryption_enabled": false,
            "is_hns_enabled": false,
            "large_file_share_enabled": false,
            "local_user_enabled": true,
            "location": "koreacentral",
            "min_tls_version": "TLS1_2",
            "name": "wwwstorage04t1leegh",
            "network_rules": [
              {
                "bypass": [
                  "AzureServices"
                ],
                "default_action": "Deny",
                "ip_rules": [
                  "61.108.60.26"
                ],
                "private_link_access": [],
                "virtual_network_subnet_ids": [
                  "/subscriptions/99b79efe-ebd6-468c-b39f-5669acb259e1/resourceGroups/04-t1-leegh/providers/Microsoft.Network/virtualNetworks/leegh-vnet0/subnets/leegh-db"
                ]
              }
            ],
            "nfsv3_enabled": false,
            "primary_access_key": "29OadpPCqX+irnQpmfr3OkYwL4WdfYW1/2smnVPTM0VXS7/Hze9mx7ziGdKxUBAKKDT4d7NYfU6E+AStkK11UQ==",
            "primary_blob_connection_string": "DefaultEndpointsProtocol=https;BlobEndpoint=https://wwwstorage04t1leegh.blob.core.windows.net/;AccountName=wwwstorage04t1leegh;AccountKey=29OadpPCqX+irnQpmfr3OkYwL4WdfYW1/2smnVPTM0VXS7/Hze9mx7ziGdKxUBAKKDT4d7NYfU6E+AStkK11UQ==",
            "primary_blob_endpoint": "https://wwwstorage04t1leegh.blob.core.windows.net/",
            "primary_blob_host": "wwwstorage04t1leegh.blob.core.windows.net",
            "primary_blob_internet_endpoint": "",
            "primary_blob_internet_host": "",
            "primary_blob_microsoft_endpoint": "",
            "primary_blob_microsoft_host": "",
            "primary_connection_string": "DefaultEndpointsProtocol=https;AccountName=wwwstorage04t1leegh;AccountKey=29OadpPCqX+irnQpmfr3OkYwL4WdfYW1/2smnVPTM0VXS7/Hze9mx7ziGdKxUBAKKDT4d7NYfU6E+AStkK11UQ==;EndpointSuffix=core.windows.net",
            "primary_dfs_endpoint": "https://wwwstorage04t1leegh.dfs.core.windows.net/",
            "primary_dfs_host": "wwwstorage04t1leegh.dfs.core.windows.net",
            "primary_dfs_internet_endpoint": "",
            "primary_dfs_internet_host": "",
            "primary_dfs_microsoft_endpoint": "",
            "primary_dfs_microsoft_host": "",
            "primary_file_endpoint": "https://wwwstorage04t1leegh.file.core.windows.net/",
            "primary_file_host": "wwwstorage04t1leegh.file.core.windows.net",
            "primary_file_internet_endpoint": "",
            "primary_file_internet_host": "",
            "primary_file_microsoft_endpoint": "",
            "primary_file_microsoft_host": "",
            "primary_location": "koreacentral",
            "primary_queue_endpoint": "https://wwwstorage04t1leegh.queue.core.windows.net/",
            "primary_queue_host": "wwwstorage04t1leegh.queue.core.windows.net",
            "primary_queue_microsoft_endpoint": "",
            "primary_queue_microsoft_host": "",
            "primary_table_endpoint": "https://wwwstorage04t1leegh.table.core.windows.net/",
            "primary_table_host": "wwwstorage04t1leegh.table.core.windows.net",
            "primary_table_microsoft_endpoint": "",
            "primary_table_microsoft_host": "",
            "primary_web_endpoint": "https://wwwstorage04t1leegh.z12.web.core.windows.net/",
            "primary_web_host": "wwwstorage04t1leegh.z12.web.core.windows.net",
            "primary_web_internet_endpoint": "",
            "primary_web_internet_host": "",
            "primary_web_microsoft_endpoint": "",
            "primary_web_microsoft_host": "",
            "provisioned_billing_model_version": "",
            "public_network_access_enabled": true,
            "queue_encryption_key_type": "Service",
            "queue_properties": [
              {
                "cors_rule": [],
                "hour_metrics": [
                  {
                    "enabled": false,
                    "include_apis": false,
                    "retention_policy_days": 0,
                    "version": "1.0"
                  }
                ],
                "logging": [
                  {
                    "delete": false,
                    "read": false,
                    "retention_policy_days": 0,
                    "version": "1.0",
                    "write": false
                  }
                ],
                "minute_metrics": [
                  {
                    "enabled": false,
                    "include_apis": false,
                    "retention_policy_days": 0,
                    "version": "1.0"
                  }
                ]
              }
            ],
            "resource_group_name": "04-t1-leegh",
            "routing": [],
            "sas_policy": [],
            "secondary_access_key": "EwL+c10U9m901pQhu9cs67gLyj4SvAUgDqrpBXI146FwUy0hcThUglEibwTrwH+GucjB8hSw4Obn+AStmF9oyw==",
            "secondary_blob_connection_string": "",
            "secondary_blob_endpoint": "",
            "secondary_blob_host": "",
            "secondary_blob_internet_endpoint": "",
            "secondary_blob_internet_host": "",
            "secondary_blob_microsoft_endpoint": "",
            "secondary_blob_microsoft_host": "",
            "secondary_connection_string": "DefaultEndpointsProtocol=https;AccountName=wwwstorage04t1leegh;AccountKey=EwL+c10U9m901pQhu9cs67gLyj4SvAUgDqrpBXI146FwUy0hcThUglEibwTrwH+GucjB8hSw4Obn+AStmF9oyw==;EndpointSuffix=core.windows.net",
            "secondary_dfs_endpoint": "",
            "secondary_dfs_host": "",
            "secondary_dfs_internet_endpoint": "",
            "secondary_dfs_internet_host": "",
            "secondary_dfs_microsoft_endpoint": "",
            "secondary_dfs_microsoft_host": "",
            "secondary_file_endpoint": "",
            "secondary_file_host": "",
            "secondary_file_internet_endpoint": "",
            "secondary_file_internet_host": "",
            "secondary_file_microsoft_endpoint": "",
            "secondary_file_microsoft_host": "",
            "secondary_location": "koreasouth",
            "secondary_queue_endpoint": "",
            "secondary_queue_host": "",
            "secondary_queue_microsoft_endpoint": "",
            "secondary_queue_microsoft_host": "",
            "secondary_table_endpoint": "",
            "secondary_table_host": "",
            "secondary_table_microsoft_endpoint": "",
            "secondary_table_microsoft_host": "",
            "secondary_web_endpoint": "",
            "secondary_web_host": "",
            "secondary_web_internet_endpoint": "",
            "secondary_web_internet_host": "",
            "secondary_web_microsoft_endpoint": "",
            "secondary_web_microsoft_host": "",
            "sftp_enabled": false,
            "share_properties": [
              {
                "cors_rule": [],
                "retention_policy": [
                  {
                    "days": 7
                  }
                ],
                "smb": []
              }
            ],
            "shared_access_key_enabled": true,
            "static_website": [],
            "table_encryption_key_type": "Service",
            "tags": {
              "environment": "production",
              "team": "www"
            },
            "timeouts": null
          },
          "sensitive_attributes": [
            [
              {
                "type": "get_attr",
                "value": "primary_access_key"
              }
            ],
            [
              {
                "type": "get_attr",
                "value": "primary_blob_connection_string"
              }
            ],
            [
              {
                "type": "get_attr",
                "value": "primary_connection_string"
              }
            ],
            [
              {
                "type": "get_attr",
                "value": "secondary_access_key"
              }
            ],
            [
              {
                "type": "get_attr",
                "value": "secondary_blob_connection_string"
              }
            ],
            [
              {
                "type": "get_attr",
                "value": "secondary_connection_string"
              }
            ]
          ],
          "identity_schema_version": 0,
          "identity": {
            "name": "wwwstorage04t1leegh",
            "resource_group_name": "04-t1-leegh",
            "subscription_id": "99b79efe-ebd6-468c-b39f-5669acb259e1"
          },
          "private": "eyJlMmJmYjczMC1lY2FhLTExZTYtOGY4OC0zNDM2M2JjN2M0YzAiOnsiY3JlYXRlIjozNjAwMDAwMDAwMDAwLCJkZWxldGUiOjM2MDAwMDAwMDAwMDAsInJlYWQiOjMwMDAwMDAwMDAwMCwidXBkYXRlIjozNjAwMDAwMDAwMDAwfSwic2NoZW1hX3ZlcnNpb24iOiI0In0=",
          "dependencies": [
            "module.network.azurerm_subnet.www_db",
            "module.network.azurerm_virtual_network.www_vnet0"
          ]
        }
      ]
    },
    {
      "module": "module.storage",
      "mode": "managed",
      "type": "azurerm_storage_container",
      "name": "mysql_backups",
      "provider": "provider[\"registry.terraform.io/hashicorp/azurerm\"]",
      "instances": [
        {
          "schema_version": 1,
          "attributes": {
            "container_access_type": "private",
            "default_encryption_scope": "$account-encryption-key",
            "encryption_scope_override_enabled": true,
            "has_immutability_policy": false,
            "has_legal_hold": false,
            "id": "/subscriptions/99b79efe-ebd6-468c-b39f-5669acb259e1/resourceGroups/04-t1-leegh/providers/Microsoft.Storage/storageAccounts/wwwstorage04t1leegh/blobServices/default/containers/mysql-backups",
            "metadata": {},
            "name": "mysql-backups",
            "resource_manager_id": "/subscriptions/99b79efe-ebd6-468c-b39f-5669acb259e1/resourceGroups/04-t1-leegh/providers/Microsoft.Storage/storageAccounts/wwwstorage04t1leegh/blobServices/default/containers/mysql-backups",
            "storage_account_id": "/subscriptions/99b79efe-ebd6-468c-b39f-5669acb259e1/resourceGroups/04-t1-leegh/providers/Microsoft.Storage/storageAccounts/wwwstorage04t1leegh",
            "storage_account_name": "",
            "timeouts": null
          },
          "sensitive_attributes": [],
          "identity_schema_version": 0,
          "private": "eyJlMmJmYjczMC1lY2FhLTExZTYtOGY4OC0zNDM2M2JjN2M0YzAiOnsiY3JlYXRlIjoxODAwMDAwMDAwMDAwLCJkZWxldGUiOjE4MDAwMDAwMDAwMDAsInJlYWQiOjMwMDAwMDAwMDAwMCwidXBkYXRlIjoxODAwMDAwMDAwMDAwfSwic2NoZW1hX3ZlcnNpb24iOiIxIn0=",
          "dependencies": [
            "module.network.azurerm_subnet.www_db",
            "module.network.azurerm_virtual_network.www_vnet0",
            "module.storage.azurerm_storage_account.www_sa"
          ]
        }
      ]
    },
    {
      "module": "module.storage",
      "mode": "managed",
      "type": "azurerm_storage_container",
      "name": "wordpress_content",
      "provider": "provider[\"registry.terraform.io/hashicorp/azurerm\"]",
      "instances": [
        {
          "schema_version": 1,
          "attributes": {
            "container_access_type": "blob",
            "default_encryption_scope": "$account-encryption-key",
            "encryption_scope_override_enabled": true,
            "has_immutability_policy": false,
            "has_legal_hold": false,
            "id": "/subscriptions/99b79efe-ebd6-468c-b39f-5669acb259e1/resourceGroups/04-t1-leegh/providers/Microsoft.Storage/storageAccounts/wwwstorage04t1leegh/blobServices/default/containers/wordpress-content",
            "metadata": {},
            "name": "wordpress-content",
            "resource_manager_id": "/subscriptions/99b79efe-ebd6-468c-b39f-5669acb259e1/resourceGroups/04-t1-leegh/providers/Microsoft.Storage/storageAccounts/wwwstorage04t1leegh/blobServices/default/containers/wordpress-content",
            "storage_account_id": "/subscriptions/99b79efe-ebd6-468c-b39f-5669acb259e1/resourceGroups/04-t1-leegh/providers/Microsoft.Storage/storageAccounts/wwwstorage04t1leegh",
            "storage_account_name": "",
            "timeouts": null
          },
          "sensitive_attributes": [],
          "identity_schema_version": 0,
          "private": "eyJlMmJmYjczMC1lY2FhLTExZTYtOGY4OC0zNDM2M2JjN2M0YzAiOnsiY3JlYXRlIjoxODAwMDAwMDAwMDAwLCJkZWxldGUiOjE4MDAwMDAwMDAwMDAsInJlYWQiOjMwMDAwMDAwMDAwMCwidXBkYXRlIjoxODAwMDAwMDAwMDAwfSwic2NoZW1hX3ZlcnNpb24iOiIxIn0=",
          "dependencies": [
            "module.network.azurerm_subnet.www_db",
            "module.network.azurerm_virtual_network.www_vnet0",
            "module.storage.azurerm_storage_account.www_sa"
          ]
        }
      ]
    },
    {
      "module": "module.storage",
      "mode": "managed",
      "type": "azurerm_storage_container",
      "name": "www_container",
      "provider": "provider[\"registry.terraform.io/hashicorp/azurerm\"]",
      "instances": [
        {
          "schema_version": 1,
          "attributes": {
            "container_access_type": "private",
            "default_encryption_scope": "$account-encryption-key",
            "encryption_scope_override_enabled": true,
            "has_immutability_policy": false,
            "has_legal_hold": false,
            "id": "/subscriptions/99b79efe-ebd6-468c-b39f-5669acb259e1/resourceGroups/04-t1-leegh/providers/Microsoft.Storage/storageAccounts/wwwstorage04t1leegh/blobServices/default/containers/www-files",
            "metadata": {},
            "name": "www-files",
            "resource_manager_id": "/subscriptions/99b79efe-ebd6-468c-b39f-5669acb259e1/resourceGroups/04-t1-leegh/providers/Microsoft.Storage/storageAccounts/wwwstorage04t1leegh/blobServices/default/containers/www-files",
            "storage_account_id": "/subscriptions/99b79efe-ebd6-468c-b39f-5669acb259e1/resourceGroups/04-t1-leegh/providers/Microsoft.Storage/storageAccounts/wwwstorage04t1leegh",
            "storage_account_name": "",
            "timeouts": null
          },
          "sensitive_attributes": [],
          "identity_schema_version": 0,
          "private": "eyJlMmJmYjczMC1lY2FhLTExZTYtOGY4OC0zNDM2M2JjN2M0YzAiOnsiY3JlYXRlIjoxODAwMDAwMDAwMDAwLCJkZWxldGUiOjE4MDAwMDAwMDAwMDAsInJlYWQiOjMwMDAwMDAwMDAwMCwidXBkYXRlIjoxODAwMDAwMDAwMDAwfSwic2NoZW1hX3ZlcnNpb24iOiIxIn0=",
          "dependencies": [
            "module.network.azurerm_subnet.www_db",
            "module.network.azurerm_virtual_network.www_vnet0",
            "module.storage.azurerm_storage_account.www_sa"
          ]
        }
      ]
    },
    {
      "module": "module.storage",
      "mode": "managed",
      "type": "azurerm_storage_container",
      "name": "www_media",
      "provider": "provider[\"registry.terraform.io/hashicorp/azurerm\"]",
      "instances": [
        {
          "schema_version": 1,
          "attributes": {
            "container_access_type": "private",
            "default_encryption_scope": "$account-encryption-key",
            "encryption_scope_override_enabled": true,
            "has_immutability_policy": false,
            "has_legal_hold": false,
            "id": "/subscriptions/99b79efe-ebd6-468c-b39f-5669acb259e1/resourceGroups/04-t1-leegh/providers/Microsoft.Storage/storageAccounts/wwwstorage04t1leegh/blobServices/default/containers/media",
            "metadata": {},
            "name": "media",
            "resource_manager_id": "/subscriptions/99b79efe-ebd6-468c-b39f-5669acb259e1/resourceGroups/04-t1-leegh/providers/Microsoft.Storage/storageAccounts/wwwstorage04t1leegh/blobServices/default/containers/media",
            "storage_account_id": "/subscriptions/99b79efe-ebd6-468c-b39f-5669acb259e1/resourceGroups/04-t1-leegh/providers/Microsoft.Storage/storageAccounts/wwwstorage04t1leegh",
            "storage_account_name": "",
            "timeouts": null
          },
          "sensitive_attributes": [],
          "identity_schema_version": 0,
          "private": "eyJlMmJmYjczMC1lY2FhLTExZTYtOGY4OC0zNDM2M2JjN2M0YzAiOnsiY3JlYXRlIjoxODAwMDAwMDAwMDAwLCJkZWxldGUiOjE4MDAwMDAwMDAwMDAsInJlYWQiOjMwMDAwMDAwMDAwMCwidXBkYXRlIjoxODAwMDAwMDAwMDAwfSwic2NoZW1hX3ZlcnNpb24iOiIxIn0=",
          "dependencies": [
            "module.network.azurerm_subnet.www_db",
            "module.network.azurerm_virtual_network.www_vnet0",
            "module.storage.azurerm_storage_account.www_sa"
          ]
        }
      ]
    },
    {
      "module": "module.storage",
      "mode": "managed",
      "type": "azurerm_storage_container",
      "name": "www_tfstate",
      "provider": "provider[\"registry.terraform.io/hashicorp/azurerm\"]",
      "instances": [
        {
          "schema_version": 1,
          "attributes": {
            "container_access_type": "private",
            "default_encryption_scope": "$account-encryption-key",
            "encryption_scope_override_enabled": true,
            "has_immutability_policy": false,
            "has_legal_hold": false,
            "id": "/subscriptions/99b79efe-ebd6-468c-b39f-5669acb259e1/resourceGroups/04-t1-leegh/providers/Microsoft.Storage/storageAccounts/wwwstorage04t1leegh/blobServices/default/containers/tfstate",
            "metadata": {},
            "name": "tfstate",
            "resource_manager_id": "/subscriptions/99b79efe-ebd6-468c-b39f-5669acb259e1/resourceGroups/04-t1-leegh/providers/Microsoft.Storage/storageAccounts/wwwstorage04t1leegh/blobServices/default/containers/tfstate",
            "storage_account_id": "/subscriptions/99b79efe-ebd6-468c-b39f-5669acb259e1/resourceGroups/04-t1-leegh/providers/Microsoft.Storage/storageAccounts/wwwstorage04t1leegh",
            "storage_account_name": "",
            "timeouts": null
          },
          "sensitive_attributes": [],
          "identity_schema_version": 0,
          "private": "eyJlMmJmYjczMC1lY2FhLTExZTYtOGY4OC0zNDM2M2JjN2M0YzAiOnsiY3JlYXRlIjoxODAwMDAwMDAwMDAwLCJkZWxldGUiOjE4MDAwMDAwMDAwMDAsInJlYWQiOjMwMDAwMDAwMDAwMCwidXBkYXRlIjoxODAwMDAwMDAwMDAwfSwic2NoZW1hX3ZlcnNpb24iOiIxIn0=",
          "dependencies": [
            "module.network.azurerm_subnet.www_db",
            "module.network.azurerm_virtual_network.www_vnet0",
            "module.storage.azurerm_storage_account.www_sa"
          ]
        }
      ]
    },
    {
      "module": "module.storage",
      "mode": "managed",
      "type": "azurerm_storage_share",
      "name": "share",
      "provider": "provider[\"registry.terraform.io/hashicorp/azurerm\"]",
      "instances": [
        {
          "schema_version": 2,
          "attributes": {
            "access_tier": "TransactionOptimized",
            "acl": [],
            "enabled_protocol": "SMB",
            "id": "/subscriptions/99b79efe-ebd6-468c-b39f-5669acb259e1/resourceGroups/04-t1-leegh/providers/Microsoft.Storage/storageAccounts/wwwstorage04t1leegh/fileServices/default/shares/www-share",
            "metadata": {},
            "name": "www-share",
            "quota": 50,
            "resource_manager_id": "/subscriptions/99b79efe-ebd6-468c-b39f-5669acb259e1/resourceGroups/04-t1-leegh/providers/Microsoft.Storage/storageAccounts/wwwstorage04t1leegh/fileServices/default/shares/www-share",
            "storage_account_id": "/subscriptions/99b79efe-ebd6-468c-b39f-5669acb259e1/resourceGroups/04-t1-leegh/providers/Microsoft.Storage/storageAccounts/wwwstorage04t1leegh",
            "storage_account_name": "",
            "timeouts": null,
            "url": "https://wwwstorage04t1leegh.file.core.windows.net/www-share"
          },
          "sensitive_attributes": [],
          "identity_schema_version": 0,
          "private": "eyJlMmJmYjczMC1lY2FhLTExZTYtOGY4OC0zNDM2M2JjN2M0YzAiOnsiY3JlYXRlIjoxODAwMDAwMDAwMDAwLCJkZWxldGUiOjE4MDAwMDAwMDAwMDAsInJlYWQiOjMwMDAwMDAwMDAwMCwidXBkYXRlIjoxODAwMDAwMDAwMDAwfSwic2NoZW1hX3ZlcnNpb24iOiIyIn0=",
          "dependencies": [
            "module.network.azurerm_subnet.www_db",
            "module.network.azurerm_virtual_network.www_vnet0",
            "module.storage.azurerm_storage_account.www_sa"
          ]
        }
      ]
    },
    {
      "module": "module.storage",
      "mode": "managed",
      "type": "random_string",
      "name": "sa_suffix",
      "provider": "provider[\"registry.terraform.io/hashicorp/random\"]",
      "instances": [
        {
          "schema_version": 2,
          "attributes": {
            "id": "k4d7u4",
            "keepers": null,
            "length": 6,
            "lower": true,
            "min_lower": 0,
            "min_numeric": 0,
            "min_special": 0,
            "min_upper": 0,
            "number": true,
            "numeric": true,
            "override_special": null,
            "result": "k4d7u4",
            "special": false,
            "upper": false
          },
          "sensitive_attributes": [],
          "identity_schema_version": 0
        }
      ]
    }
  ],
  "check_results": null
}
