{
  "version": 4,
  "terraform_version": "1.13.5",
  "serial": 1318,
  "lineage": "a5990f0f-ff46-833f-f7c1-265b26665a2f",
  "outputs": {
    "frontdoor_endpoint_hostname": {
      "value": "www-fd-endpoint-h2lnv6-ezh6hkfafqg8afbs.a02.azurefd.net",
      "type": "string"
    },
    "frontdoor_validation_tokens": {
      "value": {
        "apex_token": "_r2pf4qkihmyg2mzy9fr5p6ynx945wcm",
        "www_token": "_czt7gkz3fsvuka3ehmnau7i6r98163m"
      },
      "type": [
        "object",
        {
          "apex_token": "string",
          "www_token": "string"
        }
      ],
      "sensitive": true
    },
    "key_vault_name": {
      "value": "www-kv-95710734",
      "type": "string"
    },
    "mysql_host": {
      "value": "www-mysql-server-32j2.mysql.database.azure.com",
      "type": "string"
    },
    "redis_host": {
      "value": "www-redis-cache-pi4r.redis.cache.windows.net",
      "type": "string"
    },
    "resource_group": {
      "value": "04-t1-www",
      "type": "string"
    },
    "traffic_manager_url": {
      "value": "http://www-tm-yn9mfk.trafficmanager.net",
      "type": "string"
    },
    "web_service_url": {
      "value": "https://www.04www.cloud/",
      "type": "string"
    }
  },
  "resources": [
    {
      "mode": "data",
      "type": "azurerm_client_config",
      "name": "current",
      "provider": "provider[\"registry.terraform.io/hashicorp/azurerm\"]",
      "instances": [
        {
          "schema_version": 0,
          "attributes": {
            "client_id": "04b07795-8ddb-461a-bbee-02f9e1bf7b46",
            "id": "Y2xpZW50Q29uZmlncy9jbGllbnRJZD0wNGIwNzc5NS04ZGRiLTQ2MWEtYmJlZS0wMmY5ZTFiZjdiNDY7b2JqZWN0SWQ9NDkyMTMxYjYtNjcxYi00M2YxLWFjMWUtZGI2YTI2MjIyNTY5O3N1YnNjcmlwdGlvbklkPTk5Yjc5ZWZlLWViZDYtNDY4Yy1iMzlmLTU2NjlhY2IyNTllMTt0ZW5hbnRJZD01NDhlOWVmNC1iMWQ1LTQ4ZmEtYjIyMC01OWY1MmQ2ZGI1MTE=",
            "object_id": "492131b6-671b-43f1-ac1e-db6a26222569",
            "subscription_id": "99b79efe-ebd6-468c-b39f-5669acb259e1",
            "tenant_id": "548e9ef4-b1d5-48fa-b220-59f52d6db511",
            "timeouts": null
          },
          "sensitive_attributes": [],
          "identity_schema_version": 0
        }
      ]
    },
    {
      "mode": "managed",
      "type": "azurerm_resource_group",
      "name": "rg",
      "provider": "provider[\"registry.terraform.io/hashicorp/azurerm\"]",
      "instances": [
        {
          "schema_version": 0,
          "attributes": {
            "id": "/subscriptions/99b79efe-ebd6-468c-b39f-5669acb259e1/resourceGroups/04-t1-www",
            "location": "koreacentral",
            "managed_by": "",
            "name": "04-t1-www",
            "tags": {
              "Environment": "Production",
              "ManagedBy": "Terraform",
              "Purpose": "Main-Resource-Group"
            },
            "timeouts": null
          },
          "sensitive_attributes": [],
          "identity_schema_version": 0,
          "identity": {
            "name": "04-t1-www",
            "subscription_id": "99b79efe-ebd6-468c-b39f-5669acb259e1"
          },
          "private": "eyJlMmJmYjczMC1lY2FhLTExZTYtOGY4OC0zNDM2M2JjN2M0YzAiOnsiY3JlYXRlIjo1NDAwMDAwMDAwMDAwLCJkZWxldGUiOjU0MDAwMDAwMDAwMDAsInJlYWQiOjMwMDAwMDAwMDAwMCwidXBkYXRlIjo1NDAwMDAwMDAwMDAwfX0="
        }
      ]
    },
    {
      "mode": "managed",
      "type": "azurerm_subnet_network_security_group_association",
      "name": "acr_nsg_assoc",
      "provider": "provider[\"registry.terraform.io/hashicorp/azurerm\"]",
      "instances": [
        {
          "schema_version": 0,
          "attributes": {
            "id": "/subscriptions/99b79efe-ebd6-468c-b39f-5669acb259e1/resourceGroups/04-t1-www/providers/Microsoft.Network/virtualNetworks/vnet0/subnets/www-acr",
            "network_security_group_id": "/subscriptions/99b79efe-ebd6-468c-b39f-5669acb259e1/resourceGroups/04-t1-www/providers/Microsoft.Network/networkSecurityGroups/www-nsg-http",
            "subnet_id": "/subscriptions/99b79efe-ebd6-468c-b39f-5669acb259e1/resourceGroups/04-t1-www/providers/Microsoft.Network/virtualNetworks/vnet0/subnets/www-acr",
            "timeouts": null
          },
          "sensitive_attributes": [],
          "identity_schema_version": 0,
          "private": "eyJlMmJmYjczMC1lY2FhLTExZTYtOGY4OC0zNDM2M2JjN2M0YzAiOnsiY3JlYXRlIjoxODAwMDAwMDAwMDAwLCJkZWxldGUiOjE4MDAwMDAwMDAwMDAsInJlYWQiOjMwMDAwMDAwMDAwMH19",
          "dependencies": [
            "azurerm_resource_group.rg",
            "module.network_central.azurerm_subnet.subnets",
            "module.network_central.azurerm_virtual_network.vnet",
            "module.security.azurerm_network_security_group.nsg_http"
          ]
        }
      ]
    },
    {
      "mode": "managed",
      "type": "azurerm_subnet_network_security_group_association",
      "name": "appgw_nsg_assoc",
      "provider": "provider[\"registry.terraform.io/hashicorp/azurerm\"]",
      "instances": [
        {
          "schema_version": 0,
          "attributes": {
            "id": "/subscriptions/99b79efe-ebd6-468c-b39f-5669acb259e1/resourceGroups/04-t1-www/providers/Microsoft.Network/virtualNetworks/vnet0/subnets/www-appgw",
            "network_security_group_id": "/subscriptions/99b79efe-ebd6-468c-b39f-5669acb259e1/resourceGroups/04-t1-www/providers/Microsoft.Network/networkSecurityGroups/www-nsg-appgw",
            "subnet_id": "/subscriptions/99b79efe-ebd6-468c-b39f-5669acb259e1/resourceGroups/04-t1-www/providers/Microsoft.Network/virtualNetworks/vnet0/subnets/www-appgw",
            "timeouts": null
          },
          "sensitive_attributes": [],
          "identity_schema_version": 0,
          "private": "eyJlMmJmYjczMC1lY2FhLTExZTYtOGY4OC0zNDM2M2JjN2M0YzAiOnsiY3JlYXRlIjoxODAwMDAwMDAwMDAwLCJkZWxldGUiOjE4MDAwMDAwMDAwMDAsInJlYWQiOjMwMDAwMDAwMDAwMH19",
          "dependencies": [
            "azurerm_resource_group.rg",
            "module.network_central.azurerm_subnet.subnets",
            "module.network_central.azurerm_virtual_network.vnet",
            "module.security.azurerm_network_security_group.nsg_appgw"
          ]
        }
      ]
    },
    {
      "mode": "managed",
      "type": "azurerm_subnet_network_security_group_association",
      "name": "db_nsg_assoc",
      "provider": "provider[\"registry.terraform.io/hashicorp/azurerm\"]",
      "instances": [
        {
          "schema_version": 0,
          "attributes": {
            "id": "/subscriptions/99b79efe-ebd6-468c-b39f-5669acb259e1/resourceGroups/04-t1-www/providers/Microsoft.Network/virtualNetworks/vnet0/subnets/www-db",
            "network_security_group_id": "/subscriptions/99b79efe-ebd6-468c-b39f-5669acb259e1/resourceGroups/04-t1-www/providers/Microsoft.Network/networkSecurityGroups/www-nsg-db",
            "subnet_id": "/subscriptions/99b79efe-ebd6-468c-b39f-5669acb259e1/resourceGroups/04-t1-www/providers/Microsoft.Network/virtualNetworks/vnet0/subnets/www-db",
            "timeouts": null
          },
          "sensitive_attributes": [],
          "identity_schema_version": 0,
          "private": "eyJlMmJmYjczMC1lY2FhLTExZTYtOGY4OC0zNDM2M2JjN2M0YzAiOnsiY3JlYXRlIjoxODAwMDAwMDAwMDAwLCJkZWxldGUiOjE4MDAwMDAwMDAwMDAsInJlYWQiOjMwMDAwMDAwMDAwMH19",
          "dependencies": [
            "azurerm_resource_group.rg",
            "module.network_central.azurerm_subnet.subnets",
            "module.network_central.azurerm_virtual_network.vnet",
            "module.security.azurerm_network_security_group.nsg_db"
          ]
        }
      ]
    },
    {
      "mode": "managed",
      "type": "azurerm_subnet_network_security_group_association",
      "name": "hub_bastion_nsg_assoc",
      "provider": "provider[\"registry.terraform.io/hashicorp/azurerm\"]",
      "instances": [
        {
          "schema_version": 0,
          "attributes": {
            "id": "/subscriptions/99b79efe-ebd6-468c-b39f-5669acb259e1/resourceGroups/04-t1-www/providers/Microsoft.Network/virtualNetworks/hub-vnet/subnets/AzureBastionSubnet",
            "network_security_group_id": "/subscriptions/99b79efe-ebd6-468c-b39f-5669acb259e1/resourceGroups/04-t1-www/providers/Microsoft.Network/networkSecurityGroups/hub-nsg-bastion",
            "subnet_id": "/subscriptions/99b79efe-ebd6-468c-b39f-5669acb259e1/resourceGroups/04-t1-www/providers/Microsoft.Network/virtualNetworks/hub-vnet/subnets/AzureBastionSubnet",
            "timeouts": null
          },
          "sensitive_attributes": [],
          "identity_schema_version": 0,
          "private": "eyJlMmJmYjczMC1lY2FhLTExZTYtOGY4OC0zNDM2M2JjN2M0YzAiOnsiY3JlYXRlIjoxODAwMDAwMDAwMDAwLCJkZWxldGUiOjE4MDAwMDAwMDAwMDAsInJlYWQiOjMwMDAwMDAwMDAwMH19",
          "dependencies": [
            "azurerm_resource_group.rg",
            "module.hub.azurerm_subnet.bastion_subnet",
            "module.hub.azurerm_virtual_network.hub_vnet",
            "module.security.azurerm_network_security_group.nsg_hub_bastion"
          ]
        }
      ]
    },
    {
      "mode": "managed",
      "type": "azurerm_subnet_network_security_group_association",
      "name": "storage_nsg_assoc",
      "provider": "provider[\"registry.terraform.io/hashicorp/azurerm\"]",
      "instances": [
        {
          "schema_version": 0,
          "attributes": {
            "id": "/subscriptions/99b79efe-ebd6-468c-b39f-5669acb259e1/resourceGroups/04-t1-www/providers/Microsoft.Network/virtualNetworks/vnet0/subnets/www-stor",
            "network_security_group_id": "/subscriptions/99b79efe-ebd6-468c-b39f-5669acb259e1/resourceGroups/04-t1-www/providers/Microsoft.Network/networkSecurityGroups/www-nsg-db",
            "subnet_id": "/subscriptions/99b79efe-ebd6-468c-b39f-5669acb259e1/resourceGroups/04-t1-www/providers/Microsoft.Network/virtualNetworks/vnet0/subnets/www-stor",
            "timeouts": null
          },
          "sensitive_attributes": [],
          "identity_schema_version": 0,
          "private": "eyJlMmJmYjczMC1lY2FhLTExZTYtOGY4OC0zNDM2M2JjN2M0YzAiOnsiY3JlYXRlIjoxODAwMDAwMDAwMDAwLCJkZWxldGUiOjE4MDAwMDAwMDAwMDAsInJlYWQiOjMwMDAwMDAwMDAwMH19",
          "dependencies": [
            "azurerm_resource_group.rg",
            "module.network_central.azurerm_subnet.subnets",
            "module.network_central.azurerm_virtual_network.vnet",
            "module.security.azurerm_network_security_group.nsg_db"
          ]
        }
      ]
    },
    {
      "mode": "managed",
      "type": "azurerm_subnet_network_security_group_association",
      "name": "vmss_nsg_assoc",
      "provider": "provider[\"registry.terraform.io/hashicorp/azurerm\"]",
      "instances": [
        {
          "schema_version": 0,
          "attributes": {
            "id": "/subscriptions/99b79efe-ebd6-468c-b39f-5669acb259e1/resourceGroups/04-t1-www/providers/Microsoft.Network/virtualNetworks/vnet0/subnets/www-web",
            "network_security_group_id": "/subscriptions/99b79efe-ebd6-468c-b39f-5669acb259e1/resourceGroups/04-t1-www/providers/Microsoft.Network/networkSecurityGroups/www-nsg-http",
            "subnet_id": "/subscriptions/99b79efe-ebd6-468c-b39f-5669acb259e1/resourceGroups/04-t1-www/providers/Microsoft.Network/virtualNetworks/vnet0/subnets/www-web",
            "timeouts": null
          },
          "sensitive_attributes": [],
          "identity_schema_version": 0,
          "private": "eyJlMmJmYjczMC1lY2FhLTExZTYtOGY4OC0zNDM2M2JjN2M0YzAiOnsiY3JlYXRlIjoxODAwMDAwMDAwMDAwLCJkZWxldGUiOjE4MDAwMDAwMDAwMDAsInJlYWQiOjMwMDAwMDAwMDAwMH19",
          "dependencies": [
            "azurerm_resource_group.rg",
            "module.network_central.azurerm_subnet.subnets",
            "module.network_central.azurerm_virtual_network.vnet",
            "module.security.azurerm_network_security_group.nsg_http"
          ]
        }
      ]
    },
    {
      "mode": "managed",
      "type": "azurerm_subnet_network_security_group_association",
      "name": "was_nsg_assoc",
      "provider": "provider[\"registry.terraform.io/hashicorp/azurerm\"]",
      "instances": [
        {
          "schema_version": 0,
          "attributes": {
            "id": "/subscriptions/99b79efe-ebd6-468c-b39f-5669acb259e1/resourceGroups/04-t1-www/providers/Microsoft.Network/virtualNetworks/vnet0/subnets/www-was",
            "network_security_group_id": "/subscriptions/99b79efe-ebd6-468c-b39f-5669acb259e1/resourceGroups/04-t1-www/providers/Microsoft.Network/networkSecurityGroups/www-nsg-http",
            "subnet_id": "/subscriptions/99b79efe-ebd6-468c-b39f-5669acb259e1/resourceGroups/04-t1-www/providers/Microsoft.Network/virtualNetworks/vnet0/subnets/www-was",
            "timeouts": null
          },
          "sensitive_attributes": [],
          "identity_schema_version": 0,
          "private": "eyJlMmJmYjczMC1lY2FhLTExZTYtOGY4OC0zNDM2M2JjN2M0YzAiOnsiY3JlYXRlIjoxODAwMDAwMDAwMDAwLCJkZWxldGUiOjE4MDAwMDAwMDAwMDAsInJlYWQiOjMwMDAwMDAwMDAwMH19",
          "dependencies": [
            "azurerm_resource_group.rg",
            "module.network_central.azurerm_subnet.subnets",
            "module.network_central.azurerm_virtual_network.vnet",
            "module.security.azurerm_network_security_group.nsg_http"
          ]
        }
      ]
    },
    {
      "mode": "managed",
      "type": "azurerm_virtual_network_peering",
      "name": "hub_to_spoke",
      "provider": "provider[\"registry.terraform.io/hashicorp/azurerm\"]",
      "instances": [
        {
          "schema_version": 0,
          "attributes": {
            "allow_forwarded_traffic": true,
            "allow_gateway_transit": true,
            "allow_virtual_network_access": true,
            "id": "/subscriptions/99b79efe-ebd6-468c-b39f-5669acb259e1/resourceGroups/04-t1-www/providers/Microsoft.Network/virtualNetworks/hub-vnet/virtualNetworkPeerings/hub-to-spoke",
            "local_subnet_names": [],
            "name": "hub-to-spoke",
            "only_ipv6_peering_enabled": false,
            "peer_complete_virtual_networks_enabled": true,
            "remote_subnet_names": [],
            "remote_virtual_network_id": "/subscriptions/99b79efe-ebd6-468c-b39f-5669acb259e1/resourceGroups/04-t1-www/providers/Microsoft.Network/virtualNetworks/vnet0",
            "resource_group_name": "04-t1-www",
            "timeouts": null,
            "triggers": null,
            "use_remote_gateways": false,
            "virtual_network_name": "hub-vnet"
          },
          "sensitive_attributes": [],
          "identity_schema_version": 0,
          "private": "eyJlMmJmYjczMC1lY2FhLTExZTYtOGY4OC0zNDM2M2JjN2M0YzAiOnsiY3JlYXRlIjoxODAwMDAwMDAwMDAwLCJkZWxldGUiOjE4MDAwMDAwMDAwMDAsInJlYWQiOjMwMDAwMDAwMDAwMCwidXBkYXRlIjoxODAwMDAwMDAwMDAwfX0=",
          "dependencies": [
            "azurerm_resource_group.rg",
            "module.database.azurerm_mysql_flexible_server.www_mysql",
            "module.database.azurerm_private_dns_zone.mysql_dns_zone",
            "module.database.azurerm_private_endpoint.mysql_pe",
            "module.database.random_string.mysql_suffix",
            "module.edge.azurerm_cdn_frontdoor_endpoint.www_fd_endpoint",
            "module.edge.azurerm_cdn_frontdoor_profile.www_cdn",
            "module.edge.random_string.cdn_suffix",
            "module.hub.azurerm_firewall.hub_fw",
            "module.hub.azurerm_firewall_policy.fw_policy",
            "module.hub.azurerm_public_ip.fw_pip",
            "module.hub.azurerm_subnet.fw_subnet",
            "module.hub.azurerm_virtual_network.hub_vnet",
            "module.identity.azurerm_user_assigned_identity.appgw_identity",
            "module.network_central.azurerm_application_gateway.appgw",
            "module.network_central.azurerm_lb.cross_region_lb",
            "module.network_central.azurerm_lb.vmss_lb",
            "module.network_central.azurerm_lb.was_lb",
            "module.network_central.azurerm_lb_backend_address_pool.bpepool",
            "module.network_central.azurerm_lb_backend_address_pool.global_backend",
            "module.network_central.azurerm_lb_backend_address_pool.was_backend_pool",
            "module.network_central.azurerm_lb_nat_pool.ssh_nat_pool",
            "module.network_central.azurerm_lb_probe.vmss_probe",
            "module.network_central.azurerm_lb_probe.was_probe",
            "module.network_central.azurerm_lb_rule.vmss_lb_rule",
            "module.network_central.azurerm_lb_rule.was_lb_rule",
            "module.network_central.azurerm_monitor_diagnostic_setting.appgw_diag",
            "module.network_central.azurerm_monitor_diagnostic_setting.appgw_pip_diag",
            "module.network_central.azurerm_monitor_diagnostic_setting.lb_diag",
            "module.network_central.azurerm_monitor_diagnostic_setting.lb_pip_diag",
            "module.network_central.azurerm_monitor_diagnostic_setting.was_lb_diag",
            "module.network_central.azurerm_nat_gateway.nat_gw",
            "module.network_central.azurerm_nat_gateway_public_ip_association.nat_pip_assoc",
            "module.network_central.azurerm_network_ddos_protection_plan.main",
            "module.network_central.azurerm_public_ip.appgw_pip",
            "module.network_central.azurerm_public_ip.cross_region_lb_pip",
            "module.network_central.azurerm_public_ip.lb_pip",
            "module.network_central.azurerm_public_ip.nat_pip",
            "module.network_central.azurerm_role_assignment.appgw_identity_kv_user",
            "module.network_central.azurerm_role_assignment.tf_runner_kv_secret_user",
            "module.network_central.azurerm_route_table.appgw_rt",
            "module.network_central.azurerm_route_table.spoke_rt",
            "module.network_central.azurerm_subnet.subnets",
            "module.network_central.azurerm_subnet_nat_gateway_association.nat_was_assoc",
            "module.network_central.azurerm_subnet_nat_gateway_association.nat_web_assoc",
            "module.network_central.azurerm_subnet_route_table_association.was_rt_assoc",
            "module.network_central.azurerm_subnet_route_table_association.web_rt_assoc",
            "module.network_central.azurerm_traffic_manager_azure_endpoint.www_tm_endpoint_primary",
            "module.network_central.azurerm_traffic_manager_profile.www_tm",
            "module.network_central.azurerm_virtual_network.vnet",
            "module.network_central.azurerm_virtual_network_peering.spoke_to_hub",
            "module.network_central.data.azurerm_client_config.current",
            "module.network_central.data.azurerm_key_vault.appgw_kv",
            "module.network_central.data.azurerm_key_vault_secret.ssl_cert_secret",
            "module.network_central.random_string.tm_suffix",
            "module.security.azurerm_key_vault.kv",
            "module.security.azurerm_log_analytics_workspace.law",
            "module.security.data.azurerm_client_config.current",
            "module.security.data.http.my_ip",
            "module.security.random_id.kv"
          ]
        }
      ]
    },
    {
      "module": "module.api_management",
      "mode": "managed",
      "type": "azurerm_api_management",
      "name": "main",
      "provider": "provider[\"registry.terraform.io/hashicorp/azurerm\"]",
      "instances": [
        {
          "schema_version": 0,
          "attributes": {
            "additional_location": [],
            "certificate": [],
            "client_certificate_enabled": false,
            "delegation": [
              {
                "subscriptions_enabled": false,
                "url": "",
                "user_registration_enabled": false,
                "validation_key": ""
              }
            ],
            "developer_portal_url": "https://www-apim.developer.azure-api.net",
            "gateway_disabled": false,
            "gateway_regional_url": "https://www-apim-koreacentral-01.regional.azure-api.net",
            "gateway_url": "https://www-apim.azure-api.net",
            "hostname_configuration": [
              {
                "developer_portal": [],
                "management": [],
                "portal": [],
                "proxy": [
                  {
                    "certificate": "",
                    "certificate_password": "",
                    "certificate_source": "BuiltIn",
                    "certificate_status": "",
                    "default_ssl_binding": true,
                    "expiry": "",
                    "host_name": "www-apim.azure-api.net",
                    "key_vault_certificate_id": "",
                    "key_vault_id": "",
                    "negotiate_client_certificate": false,
                    "ssl_keyvault_identity_client_id": "",
                    "subject": "",
                    "thumbprint": ""
                  }
                ],
                "scm": []
              }
            ],
            "id": "/subscriptions/99b79efe-ebd6-468c-b39f-5669acb259e1/resourceGroups/04-t1-www/providers/Microsoft.ApiManagement/service/www-apim",
            "identity": [
              {
                "identity_ids": [],
                "principal_id": "73af82c6-2ca4-46be-b7d7-aa2d26b8e62d",
                "tenant_id": "548e9ef4-b1d5-48fa-b220-59f52d6db511",
                "type": "SystemAssigned"
              }
            ],
            "location": "koreacentral",
            "management_api_url": "https://www-apim.management.azure-api.net",
            "min_api_version": "",
            "name": "www-apim",
            "notification_sender_email": "apimgmt-noreply@mail.windowsazure.com",
            "portal_url": "",
            "private_ip_addresses": [],
            "protocols": [
              {
                "enable_http2": false,
                "http2_enabled": false
              }
            ],
            "public_ip_address_id": "",
            "public_ip_addresses": [
              "4.230.156.102"
            ],
            "public_network_access_enabled": true,
            "publisher_email": "1234enrud@gmail.com",
            "publisher_name": "WordPress Team",
            "resource_group_name": "04-t1-www",
            "scm_url": "https://www-apim.scm.azure-api.net",
            "security": [
              {
                "backend_ssl30_enabled": false,
                "backend_tls10_enabled": false,
                "backend_tls11_enabled": false,
                "enable_backend_ssl30": false,
                "enable_backend_tls10": false,
                "enable_backend_tls11": false,
                "enable_frontend_ssl30": false,
                "enable_frontend_tls10": false,
                "enable_frontend_tls11": false,
                "frontend_ssl30_enabled": false,
                "frontend_tls10_enabled": false,
                "frontend_tls11_enabled": false,
                "tls_ecdhe_ecdsa_with_aes128_cbc_sha_ciphers_enabled": false,
                "tls_ecdhe_ecdsa_with_aes256_cbc_sha_ciphers_enabled": false,
                "tls_ecdhe_rsa_with_aes128_cbc_sha_ciphers_enabled": false,
                "tls_ecdhe_rsa_with_aes256_cbc_sha_ciphers_enabled": false,
                "tls_rsa_with_aes128_cbc_sha256_ciphers_enabled": false,
                "tls_rsa_with_aes128_cbc_sha_ciphers_enabled": false,
                "tls_rsa_with_aes128_gcm_sha256_ciphers_enabled": false,
                "tls_rsa_with_aes256_cbc_sha256_ciphers_enabled": false,
                "tls_rsa_with_aes256_cbc_sha_ciphers_enabled": false,
                "tls_rsa_with_aes256_gcm_sha384_ciphers_enabled": false,
                "triple_des_ciphers_enabled": false
              }
            ],
            "sign_in": [
              {
                "enabled": false
              }
            ],
            "sign_up": [
              {
                "enabled": false,
                "terms_of_service": [
                  {
                    "consent_required": false,
                    "enabled": false,
                    "text": ""
                  }
                ]
              }
            ],
            "sku_name": "Standard_1",
            "tags": {
              "Environment": "Production",
              "ManagedBy": "Terraform",
              "Purpose": "API-Management"
            },
            "tenant_access": [
              {
                "enabled": false,
                "primary_key": "Te9pMaJztlWzb/rNpbEOsOsaUpCQY1v8eh3OxcSEPoEsT8hVNfTR3eFTK6MGo5q1d+6UsK66haa4ajXWovuyjA==",
                "secondary_key": "L8WlQJUkohTsMCCd/bZnQPuY+OhCAV4+4Uu4B9Bq6zEkBm/EBWzkajWZh8NTa21bGVICxf2pXTBb7ZAi2VpSbw==",
                "tenant_id": "/tenant/access"
              }
            ],
            "timeouts": null,
            "virtual_network_configuration": [],
            "virtual_network_type": "None",
            "zones": []
          },
          "sensitive_attributes": [
            [
              {
                "type": "get_attr",
                "value": "delegation"
              },
              {
                "type": "index",
                "value": {
                  "value": 0,
                  "type": "number"
                }
              },
              {
                "type": "get_attr",
                "value": "validation_key"
              }
            ],
            [
              {
                "type": "get_attr",
                "value": "hostname_configuration"
              },
              {
                "type": "index",
                "value": {
                  "value": 0,
                  "type": "number"
                }
              },
              {
                "type": "get_attr",
                "value": "proxy"
              },
              {
                "type": "index",
                "value": {
                  "value": 0,
                  "type": "number"
                }
              },
              {
                "type": "get_attr",
                "value": "certificate"
              }
            ],
            [
              {
                "type": "get_attr",
                "value": "hostname_configuration"
              },
              {
                "type": "index",
                "value": {
                  "value": 0,
                  "type": "number"
                }
              },
              {
                "type": "get_attr",
                "value": "proxy"
              },
              {
                "type": "index",
                "value": {
                  "value": 0,
                  "type": "number"
                }
              },
              {
                "type": "get_attr",
                "value": "certificate_password"
              }
            ],
            [
              {
                "type": "get_attr",
                "value": "tenant_access"
              },
              {
                "type": "index",
                "value": {
                  "value": 0,
                  "type": "number"
                }
              },
              {
                "type": "get_attr",
                "value": "primary_key"
              }
            ],
            [
              {
                "type": "get_attr",
                "value": "tenant_access"
              },
              {
                "type": "index",
                "value": {
                  "value": 0,
                  "type": "number"
                }
              },
              {
                "type": "get_attr",
                "value": "secondary_key"
              }
            ]
          ],
          "identity_schema_version": 0,
          "private": "eyJlMmJmYjczMC1lY2FhLTExZTYtOGY4OC0zNDM2M2JjN2M0YzAiOnsiY3JlYXRlIjoxMDgwMDAwMDAwMDAwMCwiZGVsZXRlIjoxMDgwMDAwMDAwMDAwMCwicmVhZCI6MzAwMDAwMDAwMDAwLCJ1cGRhdGUiOjEwODAwMDAwMDAwMDAwfX0=",
          "dependencies": [
            "azurerm_resource_group.rg"
          ]
        }
      ]
    },
    {
      "module": "module.api_management",
      "mode": "managed",
      "type": "azurerm_api_management_api",
      "name": "wordpress",
      "provider": "provider[\"registry.terraform.io/hashicorp/azurerm\"]",
      "instances": [
        {
          "schema_version": 1,
          "attributes": {
            "api_management_name": "www-apim",
            "api_type": "http",
            "contact": [],
            "description": "",
            "display_name": "WordPress REST API",
            "id": "/subscriptions/99b79efe-ebd6-468c-b39f-5669acb259e1/resourceGroups/04-t1-www/providers/Microsoft.ApiManagement/service/www-apim/apis/wordpress-api;rev=1",
            "import": [],
            "is_current": true,
            "is_online": false,
            "license": [],
            "name": "wordpress-api",
            "oauth2_authorization": [],
            "openid_authentication": [],
            "path": "wp-json",
            "protocols": [
              "https"
            ],
            "resource_group_name": "04-t1-www",
            "revision": "1",
            "revision_description": "",
            "service_url": "https://20.214.122.163",
            "source_api_id": null,
            "subscription_key_parameter_names": [
              {
                "header": "Ocp-Apim-Subscription-Key",
                "query": "subscription-key"
              }
            ],
            "subscription_required": true,
            "terms_of_service_url": "",
            "timeouts": null,
            "version": "",
            "version_description": "",
            "version_set_id": ""
          },
          "sensitive_attributes": [],
          "identity_schema_version": 0,
          "private": "eyJlMmJmYjczMC1lY2FhLTExZTYtOGY4OC0zNDM2M2JjN2M0YzAiOnsiY3JlYXRlIjoxODAwMDAwMDAwMDAwLCJkZWxldGUiOjE4MDAwMDAwMDAwMDAsInJlYWQiOjMwMDAwMDAwMDAwMCwidXBkYXRlIjoxODAwMDAwMDAwMDAwfSwic2NoZW1hX3ZlcnNpb24iOiIxIn0=",
          "dependencies": [
            "azurerm_resource_group.rg",
            "module.api_management.azurerm_api_management.main",
            "module.network_central.azurerm_public_ip.appgw_pip"
          ]
        }
      ]
    },
    {
      "module": "module.compute",
      "mode": "managed",
      "type": "azurerm_backup_policy_vm",
      "name": "daily",
      "provider": "provider[\"registry.terraform.io/hashicorp/azurerm\"]",
      "instances": [
        {
          "schema_version": 0,
          "attributes": {
            "backup": [
              {
                "frequency": "Daily",
                "hour_duration": 0,
                "hour_interval": 0,
                "time": "02:00",
                "weekdays": []
              }
            ],
            "id": "/subscriptions/99b79efe-ebd6-468c-b39f-5669acb259e1/resourceGroups/04-t1-www/providers/Microsoft.RecoveryServices/vaults/www-recovery-vault/backupPolicies/daily-backup-policy",
            "instant_restore_resource_group": [],
            "instant_restore_retention_days": 5,
            "name": "daily-backup-policy",
            "policy_type": "V1",
            "recovery_vault_name": "www-recovery-vault",
            "resource_group_name": "04-t1-www",
            "retention_daily": [
              {
                "count": 35
              }
            ],
            "retention_monthly": [
              {
                "count": 12,
                "days": [],
                "include_last_days": false,
                "weekdays": [
                  "Sunday"
                ],
                "weeks": [
                  "First"
                ]
              }
            ],
            "retention_weekly": [
              {
                "count": 12,
                "weekdays": [
                  "Sunday"
                ]
              }
            ],
            "retention_yearly": [
              {
                "count": 7,
                "days": [],
                "include_last_days": false,
                "months": [
                  "January"
                ],
                "weekdays": [
                  "Sunday"
                ],
                "weeks": [
                  "First"
                ]
              }
            ],
            "tiering_policy": [],
            "timeouts": null,
            "timezone": "Korea Standard Time"
          },
          "sensitive_attributes": [],
          "identity_schema_version": 0,
          "private": "eyJlMmJmYjczMC1lY2FhLTExZTYtOGY4OC0zNDM2M2JjN2M0YzAiOnsiY3JlYXRlIjoxODAwMDAwMDAwMDAwLCJkZWxldGUiOjE4MDAwMDAwMDAwMDAsInJlYWQiOjMwMDAwMDAwMDAwMCwidXBkYXRlIjoxODAwMDAwMDAwMDAwfX0=",
          "dependencies": [
            "azurerm_resource_group.rg",
            "module.compute.azurerm_recovery_services_vault.vault"
          ]
        }
      ]
    },
    {
      "module": "module.compute",
      "mode": "managed",
      "type": "azurerm_container_group",
      "name": "aci",
      "provider": "provider[\"registry.terraform.io/hashicorp/azurerm\"]",
      "instances": [
        {
          "schema_version": 0,
          "attributes": {
            "container": [
              {
                "commands": [],
                "cpu": 0.5,
                "cpu_limit": 0,
                "environment_variables": {},
                "image": "mcr.microsoft.com/azuredocs/aci-helloworld",
                "liveness_probe": [],
                "memory": 1.5,
                "memory_limit": 0,
                "name": "www-container",
                "ports": [
                  {
                    "port": 80,
                    "protocol": "TCP"
                  }
                ],
                "readiness_probe": [],
                "secure_environment_variables": {},
                "security": [],
                "volume": []
              }
            ],
            "diagnostics": [],
            "dns_config": [],
            "dns_name_label": "www-aci-vn774n",
            "dns_name_label_reuse_policy": "Unsecure",
            "exposed_port": [
              {
                "port": 80,
                "protocol": "TCP"
              }
            ],
            "fqdn": "www-aci-vn774n.koreacentral.azurecontainer.io",
            "id": "/subscriptions/99b79efe-ebd6-468c-b39f-5669acb259e1/resourceGroups/04-t1-www/providers/Microsoft.ContainerInstance/containerGroups/www-aci",
            "identity": [],
            "image_registry_credential": [],
            "init_container": [],
            "ip_address": "20.214.126.169",
            "ip_address_type": "Public",
            "key_vault_key_id": null,
            "key_vault_user_assigned_identity_id": null,
            "location": "koreacentral",
            "name": "www-aci",
            "network_profile_id": null,
            "os_type": "Linux",
            "priority": "",
            "resource_group_name": "04-t1-www",
            "restart_policy": "Always",
            "sku": "Standard",
            "subnet_ids": [],
            "tags": {
              "Environment": "Production",
              "ManagedBy": "Terraform",
              "Purpose": "Container-Instance"
            },
            "timeouts": null,
            "zones": []
          },
          "sensitive_attributes": [
            [
              {
                "type": "get_attr",
                "value": "container"
              },
              {
                "type": "index",
                "value": {
                  "value": 0,
                  "type": "number"
                }
              },
              {
                "type": "get_attr",
                "value": "secure_environment_variables"
              }
            ]
          ],
          "identity_schema_version": 0,
          "private": "eyJlMmJmYjczMC1lY2FhLTExZTYtOGY4OC0zNDM2M2JjN2M0YzAiOnsiY3JlYXRlIjozNjAwMDAwMDAwMDAwLCJkZWxldGUiOjE4MDAwMDAwMDAwMDAsInJlYWQiOjMwMDAwMDAwMDAwMCwidXBkYXRlIjoxODAwMDAwMDAwMDAwfX0=",
          "dependencies": [
            "azurerm_resource_group.rg",
            "module.compute.random_string.aci_suffix"
          ]
        }
      ]
    },
    {
      "module": "module.compute",
      "mode": "managed",
      "type": "azurerm_linux_virtual_machine",
      "name": "mail_vm",
      "provider": "provider[\"registry.terraform.io/hashicorp/azurerm\"]",
      "instances": [
        {
          "schema_version": 0,
          "attributes": {
            "additional_capabilities": [],
            "admin_password": null,
            "admin_ssh_key": [
              {
                "public_key": "ssh-rsa AAAAB3NzaC1yc2EAAAADAQABAAACAQC/TlpVUiv5Z/P3mboBl0O/9rKioqT71tOasgqglsOzUNpH4VFl9OlPIWhk3+pKWvzNU+mMZSdsgRPwM1kGqYl3Nx2fnP5D/a/5sNlHgOZajuKgoxvWUmvU8Qd5MBUt0YHWGQCipsZnOeMjTquv/tA0t3zm6CDoMm/QmnHqEQXFeSExvGQ3RKZ5tz1Yy9FKNaAki+TpVbUWTJA95EDOOiPRLFcyv7A1hRxdtrZ/+EJxGnwx6mmx367Wor3oiYK/J1Ju3zX+8ucstTFua/Ka2CCxCOLHzpkRtF1EOHS+eghVh4aNR9V6RVevzQf44HR8FSD/3JppBmymXpnBC93lpab/UtSzG+pvu0NOI7suGUlMZ/M9eT4RhGvMVWyEMhbeUhiKqZd/LbnQ9RjNsp0f5oPVbzUjg4YSymXOs48uQqYhSnvjb3Y6/8dKze1baTIFl8IDfUmTFaLuXeEzv0XxJTEEsXmB3O17bJXHKYhEfSMYb5BoZBmNt3UVeC1N7qfImnbHBFD2PonhsB21Uwn/s8KYuRNEmirJR031TBevTal2BWJzJmH8dOZZF2x0DPYwhr9YyOwT+YRv9VxR/oGXQcoTq4EkzUx53xJqVT64m5XJ+8cMMzXs4PmN0RyydjDsPuWe1pjZ5eYscc492U2n4yNaiH2vOmNMbn5X9dyc4KHb6Q== school\r\n",
                "username": "www"
              },
              {
                "public_key": "ssh-rsa AAAAB3NzaC1yc2EAAAADAQABAAACAQDEQ9S4RS2JUOKiaCaBw4oPlYbCOscuYsk9Zm0h07tIvqzGFwsQcMCYCGUYMyUoWxZU3V8WoxOruBhdn6RJMj+H7E2OAI3pfCqC1H0VflC00fO8K1dkQIqfbfrUgdwZRZbfXg6a2iuD2TTwUjeXw0lwqqK8QvMplbROGZSLf+erIC2aHN60ekHJLXSP3492Vy6RHj07bJiupG8ylsAvV3nKhkR58zrhOvNiOUSvwtOSyvlrnnpj0Zo31defuY5mVrAMfw90sWzt9h5iItFGbQVTagmd2/derktwToxQY0nZEkPPvX3Km4qq3/OdIWhtR940eaePPHmSdgfQ+tt4vA+uRNaIGbCEwmQsMDa7GzsiHDk5EAtrOm6oqT2y590poIVRlkHB4FiPx4zJS/OnTsW1z3P53Tged7gd21bWkFmAjLzTfLGlMKGeF8rxcWDdOkqC4BViA296kBYJ1QE9vpWOq2taam6usTqiD2asc7Ie7/iR28Vw6cVZ2lxU3dh7zJ6IxPl6l7OxLNwUGWIy6L8cGua2OvFtddJL290DDNAXRCGbkg7XRCBl+QwJfkAOdocNCzFtMekw9nQ384mRFajjaE3kMH4rd7C3ty4cLk/9ZLaA7QhUJ0dpTYFSlpn5/V+82/ROU3GkoRgm8qUeO2/mx5SrLQFdtVMdpfdcLj4zFw== home\r\n",
                "username": "www"
              }
            ],
            "admin_username": "www",
            "allow_extension_operations": true,
            "availability_set_id": "",
            "boot_diagnostics": [],
            "bypass_platform_safety_checks_on_user_schedule_enabled": false,
            "capacity_reservation_group_id": "",
            "computer_name": "mail-vm",
            "custom_data": "I2Nsb3VkLWNvbmZpZw0Kd3JpdGVfZmlsZXM6DQogIC0gcGF0aDogL29wdC9tYWlsX3NldHVwLnNoDQogICAgcGVybWlzc2lvbnM6ICcwNzU1Jw0KICAgIGNvbnRlbnQ6IHwNCiAgICAgICMhL2Jpbi9iYXNoDQogICAgICBzZXQgLWUNCiAgICAgIA0KICAgICAgZXhlYyA+ID4odGVlIC92YXIvbG9nL21haWwtc2V0dXAubG9nKSAyPiYxDQogICAgICANCiAgICAgIGxvZygpIHsNCiAgICAgICAgICBlY2hvICJbJChkYXRlICcrJVktJW0tJWQgJUg6JU06JVMnKV0gJDEiDQogICAgICB9DQogICAgICANCiAgICAgIGVycm9yX2hhbmRsZXIoKSB7DQogICAgICAgICAgbG9nICJFUlJPUjogQ29tbWFuZCAnJDInIGZhaWxlZCBvbiBsaW5lICQxIg0KICAgICAgICAgIGV4aXQgMQ0KICAgICAgfQ0KICAgICAgDQogICAgICB0cmFwICdlcnJvcl9oYW5kbGVyICRMSU5FTk8gIiRCQVNIX0NPTU1BTkQiJyBFUlINCiAgICAgIA0KICAgICAgRE9NQUlOPSIwNHd3dy5jbG91ZCINCiAgICAgIEhPU1ROQU1FPSJtYWlsLjA0d3d3LmNsb3VkIg0KICAgICAgDQogICAgICBsb2cgIlN0YXJ0aW5nIE1haWwgU2VydmVyIFNldHVwIg0KICAgICAgDQogICAgICBleHBvcnQgREVCSUFOX0ZST05URU5EPW5vbmludGVyYWN0aXZlDQogICAgICANCiAgICAgICMgUHJldmVudCBhdXRvbWF0aWMgcmVib290IGR1cmluZyBwYWNrYWdlIHVwZ3JhZGVzDQogICAgICBsb2cgIkRpc2FibGluZyBhdXRvbWF0aWMgcmVib290Li4uIg0KICAgICAgbWtkaXIgLXAgL2V0Yy9uZWVkcmVzdGFydC9jb25mLmQNCiAgICAgIGVjaG8gIlwkbnJjb25me3Jlc3RhcnR9ID0gJ2EnOyIgPiAvZXRjL25lZWRyZXN0YXJ0L2NvbmYuZC81MGxvY2FsLmNvbmYNCiAgICAgIGVjaG8gIlwkbnJjb25me2tlcm5lbGhpbnRzfSA9IDA7IiA+PiAvZXRjL25lZWRyZXN0YXJ0L2NvbmYuZC81MGxvY2FsLmNvbmYNCiAgICAgIA0KICAgICAgIyBCYWNrdXAgU1NIIGF1dGhvcml6ZWRfa2V5cyBmb3Igd3d3IHVzZXIgKEF6dXJlIGNyZWF0ZXMgdGhpcyBkdXJpbmcgVk0gcHJvdmlzaW9uaW5nKQ0KICAgICAgU1NIX0JBQ0tVUF9ESVI9Ii9yb290Ly5zc2hfYmFja3VwIg0KICAgICAgaWYgWyAtZCAvaG9tZS93d3cvLnNzaCBdICYmIFsgLWYgL2hvbWUvd3d3Ly5zc2gvYXV0aG9yaXplZF9rZXlzIF07IHRoZW4NCiAgICAgICAgICBsb2cgIkJhY2tpbmcgdXAgd3d3IHVzZXIgU1NIIGtleXMuLi4iDQogICAgICAgICAgbWtkaXIgLXAgIiRTU0hfQkFDS1VQX0RJUiINCiAgICAgICAgICBjcCAtYSAvaG9tZS93d3cvLnNzaCAiJFNTSF9CQUNLVVBfRElSL3d3d19zc2giDQogICAgICBmaQ0KICAgICAgDQogICAgICAjIFdhaXQgZm9yIGFueSBleGlzdGluZyBhcHQvZHBrZyBwcm9jZXNzZXMgdG8gZmluaXNoIChjbG91ZC1pbml0LCB1bmF0dGVuZGVkLXVwZ3JhZGVzLCBldGMuKQ0KICAgICAgd2FpdF9mb3JfYXB0KCkgew0KICAgICAgICAgIGxvY2FsIG1heF93YWl0PTMwMA0KICAgICAgICAgIGxvY2FsIHdhaXRlZD0wDQogICAgICAgICAgd2hpbGUgZnVzZXIgL3Zhci9saWIvZHBrZy9sb2NrLWZyb250ZW5kID4vZGV2L251bGwgMj4mMSB8fCBmdXNlciAvdmFyL2xpYi9hcHQvbGlzdHMvbG9jayA+L2Rldi9udWxsIDI+JjE7IGRvDQogICAgICAgICAgICAgIGlmIFsgJHdhaXRlZCAtZ2UgJG1heF93YWl0IF07IHRoZW4NCiAgICAgICAgICAgICAgICAgIGxvZyAiRVJST1I6IFRpbWVvdXQgd2FpdGluZyBmb3IgYXB0IGxvY2sgYWZ0ZXIgJHttYXhfd2FpdH1zIg0KICAgICAgICAgICAgICAgICAgcmV0dXJuIDENCiAgICAgICAgICAgICAgZmkNCiAgICAgICAgICAgICAgbG9nICJXYWl0aW5nIGZvciBhcHQgbG9jay4uLiAoJHt3YWl0ZWR9cykiDQogICAgICAgICAgICAgIHNsZWVwIDUNCiAgICAgICAgICAgICAgd2FpdGVkPSQoKHdhaXRlZCArIDUpKQ0KICAgICAgICAgIGRvbmUNCiAgICAgICAgICBsb2cgImFwdCBsb2NrIGlzIGZyZWUsIHByb2NlZWRpbmcuLi4iDQogICAgICB9DQogICAgICANCiAgICAgIHdhaXRfZm9yX2FwdA0KICAgICAgDQogICAgICByZXRyeV9jbWQoKSB7DQogICAgICAgICAgbG9jYWwgbj0xDQogICAgICAgICAgbG9jYWwgbWF4PTMNCiAgICAgICAgICBsb2NhbCBkZWxheT01DQogICAgICAgICAgd2hpbGUgdHJ1ZTsgZG8NCiAgICAgICAgICAgICAgIiRAIiAmJiBicmVhayB8fCB7DQogICAgICAgICAgICAgICAgICBpZiBbWyAkbiAtbHQgJG1heCBdXTsgdGhlbg0KICAgICAgICAgICAgICAgICAgICAgICgobisrKSkNCiAgICAgICAgICAgICAgICAgICAgICBsb2cgIkNvbW1hbmQgZmFpbGVkLiBBdHRlbXB0ICRuLyRtYXg6Ig0KICAgICAgICAgICAgICAgICAgICAgIHNsZWVwICRkZWxheTsNCiAgICAgICAgICAgICAgICAgIGVsc2UNCiAgICAgICAgICAgICAgICAgICAgICBsb2cgIlRoZSBjb21tYW5kIGhhcyBmYWlsZWQgYWZ0ZXIgJG4gYXR0ZW1wdHMuIg0KICAgICAgICAgICAgICAgICAgICAgIHJldHVybiAxDQogICAgICAgICAgICAgICAgICBmaQ0KICAgICAgICAgICAgICB9DQogICAgICAgICAgZG9uZQ0KICAgICAgfQ0KICAgICAgDQogICAgICByZXRyeV9jbWQgYXB0LWdldCB1cGRhdGUNCiAgICAgIGxvZyAiVXBncmFkaW5nIHBhY2thZ2VzLi4uIg0KICAgICAgcmV0cnlfY21kIGFwdC1nZXQgdXBncmFkZSAteQ0KICAgICAgDQogICAgICAjIEF6dXJlIENMSSBpcyBub3QgbmVlZGVkIGZvciBMZXQncyBFbmNyeXB0IHNldHVwDQogICAgICANCiAgICAgIGRlYmNvbmYtc2V0LXNlbGVjdGlvbnMgPDw8ICJwb3N0Zml4IHBvc3RmaXgvbWFpbG5hbWUgc3RyaW5nICRIT1NUTkFNRSINCiAgICAgIGRlYmNvbmYtc2V0LXNlbGVjdGlvbnMgPDw8ICJwb3N0Zml4IHBvc3RmaXgvbWFpbl9tYWlsZXJfdHlwZSBzdHJpbmcgJ0ludGVybmV0IFNpdGUnIg0KICAgICAgDQogICAgICBsb2cgIkluc3RhbGxpbmcgcGFja2FnZXMuLi4iDQogICAgICByZXRyeV9jbWQgYXB0LWdldCBpbnN0YWxsIC15IHBvc3RmaXggcG9zdGZpeC1wb2xpY3lkLXNwZi1weXRob24NCiAgICAgIHJldHJ5X2NtZCBhcHQtZ2V0IGluc3RhbGwgLXkgZG92ZWNvdC1jb3JlIGRvdmVjb3QtaW1hcGQgZG92ZWNvdC1wb3AzZCBkb3ZlY290LWxtdHBkIGRvdmVjb3QtbXlzcWwNCiAgICAgIHJldHJ5X2NtZCBhcHQtZ2V0IGluc3RhbGwgLXkgZGVmYXVsdC1teXNxbC1jbGllbnQNCiAgICAgIA0KICAgICAgcG9zdGNvbmYgLWUgIm15aG9zdG5hbWUgPSAkSE9TVE5BTUUiDQogICAgICBwb3N0Y29uZiAtZSAibXlkb21haW4gPSAkRE9NQUlOIg0KICAgICAgcG9zdGNvbmYgLWUgIm15b3JpZ2luID0gXCRteWRvbWFpbiINCiAgICAgIHBvc3Rjb25mIC1lICJteWRlc3RpbmF0aW9uID0gXCRteWhvc3RuYW1lLCBsb2NhbGhvc3QuXCRteWRvbWFpbiwgbG9jYWxob3N0LCBcJG15ZG9tYWluIg0KICAgICAgcG9zdGNvbmYgLWUgImluZXRfaW50ZXJmYWNlcyA9IGFsbCINCiAgICAgIHBvc3Rjb25mIC1lICJpbmV0X3Byb3RvY29scyA9IGlwdjQiDQogICAgICBwb3N0Y29uZiAtZSAiaG9tZV9tYWlsYm94ID0gTWFpbGRpci8iDQogICAgICBwb3N0Y29uZiAtZSAibWFpbGJveF90cmFuc3BvcnQgPSBsbXRwOnVuaXg6cHJpdmF0ZS9kb3ZlY290LWxtdHAiDQogICAgICBwb3N0Y29uZiAtZSAic210cGRfYmFubmVyID0gXCRteWhvc3RuYW1lIEVTTVRQIg0KICAgICAgcG9zdGNvbmYgLWUgInNtdHBkX2hlbG9fcmVxdWlyZWQgPSB5ZXMiDQogICAgICBwb3N0Y29uZiAtZSAic210cGRfaGVsb19yZXN0cmljdGlvbnMgPSBwZXJtaXRfbXluZXR3b3JrcywgcmVqZWN0X2ludmFsaWRfaGVsb19ob3N0bmFtZSINCiAgICAgIHBvc3Rjb25mIC1lICJzbXRwZF9zZW5kZXJfcmVzdHJpY3Rpb25zID0gcGVybWl0X215bmV0d29ya3MsIHJlamVjdF91bmtub3duX3NlbmRlcl9kb21haW4iDQogICAgICBwb3N0Y29uZiAtZSAic210cGRfcmVjaXBpZW50X3Jlc3RyaWN0aW9ucyA9IHBlcm1pdF9zYXNsX2F1dGhlbnRpY2F0ZWQsIHBlcm1pdF9teW5ldHdvcmtzLCByZWplY3RfdW5hdXRoX2Rlc3RpbmF0aW9uIg0KICAgICAgcG9zdGNvbmYgLWUgInNtdHBkX3Nhc2xfYXV0aF9lbmFibGUgPSB5ZXMiDQogICAgICBwb3N0Y29uZiAtZSAic210cGRfc2FzbF90eXBlID0gZG92ZWNvdCINCiAgICAgIHBvc3Rjb25mIC1lICJzbXRwZF9zYXNsX3BhdGggPSBwcml2YXRlL2F1dGgiDQogICAgICBwb3N0Y29uZiAtZSAic210cGRfc2FzbF9zZWN1cml0eV9vcHRpb25zID0gbm9hbm9ueW1vdXMiDQogICAgICBwb3N0Y29uZiAtZSAic210cGRfc2FzbF9sb2NhbF9kb21haW4gPSBcJG15aG9zdG5hbWUiDQogICAgICBwb3N0Y29uZiAtZSAiYnJva2VuX3Nhc2xfYXV0aF9jbGllbnRzID0geWVzIg0KICAgICAgcG9zdGNvbmYgLWUgIm1lc3NhZ2Vfc2l6ZV9saW1pdCA9IDUyNDI4ODAwIg0KICAgICAgcG9zdGNvbmYgLWUgIm1haWxib3hfc2l6ZV9saW1pdCA9IDEwNzM3NDE4MjQiDQogICAgICANCiAgICAgIGNhdCA+IC9ldGMvZG92ZWNvdC9jb25mLmQvMTAtbWFpbC5jb25mIDw8ICdFT0YnDQogICAgICBtYWlsX2xvY2F0aW9uID0gbWFpbGRpcjp+L01haWxkaXINCiAgICAgIG5hbWVzcGFjZSBpbmJveCB7DQogICAgICAgIGluYm94ID0geWVzDQogICAgICB9DQogICAgICBtYWlsX3ByaXZpbGVnZWRfZ3JvdXAgPSBtYWlsDQogICAgICBmaXJzdF92YWxpZF91aWQgPSA1MDANCiAgICAgIGxhc3RfdmFsaWRfdWlkID0gNjU1MzQNCiAgICAgIEVPRg0KICAgICAgDQogICAgICANCiAgICAgIGNhdCA+IC9ldGMvZG92ZWNvdC9jb25mLmQvMTAtYXV0aC5jb25mIDw8ICdFT0YnDQogICAgICBkaXNhYmxlX3BsYWludGV4dF9hdXRoID0gbm8NCiAgICAgIGF1dGhfbWVjaGFuaXNtcyA9IHBsYWluIGxvZ2luDQogICAgICAhaW5jbHVkZSBhdXRoLXN5c3RlbS5jb25mLmV4dA0KICAgICAgRU9GDQogICAgICANCiAgICAgICMgUEFNIOyduOymnSDsgqzsmqkgKExpbnV4IOyLnOyKpO2FnCDsgqzsmqnsnpApDQogICAgICBjYXQgPiAvZXRjL2RvdmVjb3QvY29uZi5kL2F1dGgtc3lzdGVtLmNvbmYuZXh0IDw8ICdFT0YnDQogICAgICBwYXNzZGIgew0KICAgICAgICBkcml2ZXIgPSBwYW0NCiAgICAgIH0NCiAgICAgIHVzZXJkYiB7DQogICAgICAgIGRyaXZlciA9IHBhc3N3ZA0KICAgICAgfQ0KICAgICAgRU9GDQogICAgICANCiAgICAgIGNhdCA+IC9ldGMvZG92ZWNvdC9jb25mLmQvMTAtbWFzdGVyLmNvbmYgPDwgJ0VPRicNCiAgICAgIHNlcnZpY2UgaW1hcC1sb2dpbiB7DQogICAgICAgIGluZXRfbGlzdGVuZXIgaW1hcCB7DQogICAgICAgICAgcG9ydCA9IDE0Mw0KICAgICAgICAgIGFkZHJlc3MgPSAqDQogICAgICAgIH0NCiAgICAgIH0NCiAgICAgIHNlcnZpY2UgcG9wMy1sb2dpbiB7DQogICAgICAgIGluZXRfbGlzdGVuZXIgcG9wMyB7DQogICAgICAgICAgcG9ydCA9IDExMA0KICAgICAgICB9DQogICAgICB9DQogICAgICBzZXJ2aWNlIGxtdHAgew0KICAgICAgICB1bml4X2xpc3RlbmVyIC92YXIvc3Bvb2wvcG9zdGZpeC9wcml2YXRlL2RvdmVjb3QtbG10cCB7DQogICAgICAgICAgbW9kZSA9IDA2MDANCiAgICAgICAgICB1c2VyID0gcG9zdGZpeA0KICAgICAgICAgIGdyb3VwID0gcG9zdGZpeA0KICAgICAgICB9DQogICAgICB9DQogICAgICBzZXJ2aWNlIGF1dGggew0KICAgICAgICB1bml4X2xpc3RlbmVyIC92YXIvc3Bvb2wvcG9zdGZpeC9wcml2YXRlL2F1dGggew0KICAgICAgICAgIG1vZGUgPSAwNjYwDQogICAgICAgICAgdXNlciA9IHBvc3RmaXgNCiAgICAgICAgICBncm91cCA9IHBvc3RmaXgNCiAgICAgICAgfQ0KICAgICAgICB1bml4X2xpc3RlbmVyIGF1dGgtdXNlcmRiIHsNCiAgICAgICAgICBtb2RlID0gMDYwMA0KICAgICAgICAgIHVzZXIgPSBtYWlsDQogICAgICAgIH0NCiAgICAgICAgdXNlciA9IGRvdmVjb3QNCiAgICAgIH0NCiAgICAgIHNlcnZpY2UgYXV0aC13b3JrZXIgew0KICAgICAgICB1c2VyID0gcm9vdA0KICAgICAgfQ0KICAgICAgRU9GDQogICAgICANCiAgICAgICMgTXlTUUzsl5AgbWFpbCDsgqzsmqnsnpAg7YWM7J2067iUIOyDneyEsSDrsI8g642w7J207YSwIElOU0VSVA0KICAgICAgbG9nICJDcmVhdGluZyBNeVNRTCB1c2VycyB0YWJsZSBmb3IgbWFpbCBhdXRoZW50aWNhdGlvbi4uLiINCiAgICAgIG15c3FsIC1oIHd3dy1teXNxbC1zZXJ2ZXItMzJqMi5teXNxbC5kYXRhYmFzZS5henVyZS5jb20gLXUgbWFpbGFkbWluIC1wSXQxMjM0NSEgbWFpbF9kYiA8PCAnU1FMRU9GJyB8fCB0cnVlDQogICAgICBDUkVBVEUgVEFCTEUgSUYgTk9UIEVYSVNUUyB1c2VycyAoDQogICAgICAgICAgaWQgSU5UIEFVVE9fSU5DUkVNRU5UIFBSSU1BUlkgS0VZLA0KICAgICAgICAgIHVzZXJuYW1lIFZBUkNIQVIoMTI4KSBOT1QgTlVMTCBVTklRVUUsDQogICAgICAgICAgcGFzc3dvcmQgVkFSQ0hBUigyNTYpIE5PVCBOVUxMLA0KICAgICAgICAgIGNyZWF0ZWRfYXQgVElNRVNUQU1QIERFRkFVTFQgQ1VSUkVOVF9USU1FU1RBTVANCiAgICAgICk7DQogICAgICBTUUxFT0YNCiAgICAgIA0KICAgICAgIyDsgqzsmqnsnpAg67mE67CA67KI7Zi4IO2VtOyLnCDsg53shLEg67CPIElOU0VSVA0KICAgICAgbG9nICJJbnNlcnRpbmcgbWFpbCB1c2VycyBpbnRvIE15U1FMLi4uIg0KICAgICAgSEFTSEVEX1BBU1M9JChkb3ZlYWRtIHB3IC1zIEJMRi1DUllQVCAtcCAiSXQxMjM0NSEiIDI+L2Rldi9udWxsIHx8IGVjaG8gIntCTEYtQ1JZUFR9JDJ5JDA1JExLZEs4RTdqN1YxdTJ2VzN4WTRFOGVRekExQjJDM0Q0RTVGNkc3SDhJOUowIikNCiAgICAgIA0KICAgICAgZm9yIHVzZXIgaW4gYWRtaW4gd3d3IHVzZXIxIHVzZXIyIHN1cHBvcnQgZ3Vlc3Q7IGRvDQogICAgICAgICAgbXlzcWwgLWggd3d3LW15c3FsLXNlcnZlci0zMmoyLm15c3FsLmRhdGFiYXNlLmF6dXJlLmNvbSAtdSBtYWlsYWRtaW4gLXBJdDEyMzQ1ISBtYWlsX2RiIC1lIFwNCiAgICAgICAgICAgICAgIklOU0VSVCBJR05PUkUgSU5UTyB1c2VycyAodXNlcm5hbWUsIHBhc3N3b3JkKSBWQUxVRVMgKCckdXNlckAwNHd3dy5jbG91ZCcsICckSEFTSEVEX1BBU1MnKTsiIDI+L2Rldi9udWxsIHx8IHRydWUNCiAgICAgIGRvbmUNCiAgICAgIA0KICAgICAgbG9nICJTZXR0aW5nIHVwIExldCdzIEVuY3J5cHQgU1NMLi4uIg0KICAgICAgIyBXYWl0IGZvciBzbmFwZCB0byBiZSByZWFkeQ0KICAgICAgd2hpbGUgISBzbmFwIHZlcnNpb24gMj4vZGV2L251bGw7IGRvDQogICAgICAgICAgbG9nICJXYWl0aW5nIGZvciBzbmFwZC4uLiINCiAgICAgICAgICBzbGVlcCA1DQogICAgICBkb25lDQogICAgICBzbmFwIGluc3RhbGwgY29yZSAyPi9kZXYvbnVsbCB8fCB0cnVlDQogICAgICBzbmFwIHJlZnJlc2ggY29yZSAyPi9kZXYvbnVsbCB8fCB0cnVlDQogICAgICBzbmFwIGluc3RhbGwgLS1jbGFzc2ljIGNlcnRib3QgMj4vZGV2L251bGwgfHwgdHJ1ZQ0KICAgICAgbG4gLXNmIC9zbmFwL2Jpbi9jZXJ0Ym90IC91c3IvYmluL2NlcnRib3QgMj4vZGV2L251bGwgfHwgdHJ1ZQ0KICAgICAgDQogICAgICAjIEVuc3VyZSBDZXJ0Ym90IGlzIHJlYWR5IChmYWxsYmFjayB0byBhcHQgaWYgc25hcCBmYWlscykNCiAgICAgIHJldHJ5X2NtZCBhcHQtZ2V0IGluc3RhbGwgLXkgcHl0aG9uMy1jZXJ0Ym90LWFwYWNoZQ0KICAgICAgDQogICAgICAjIFN0b3AgQXBhY2hlIGJlZm9yZSBjZXJ0Ym90IGV4ZWN1dGlvbiAoanVzdCBpbiBjYXNlLCB0aG91Z2ggLS1hcGFjaGUgcGx1Z2luIGhhbmRsZXMgaXQpDQogICAgICAjIHN5c3RlbWN0bCBzdG9wIGFwYWNoZTIgDQogICAgICANCiAgICAgICMgT2J0YWluIENlcnRpZmljYXRlIChTdGFuZGFsb25lIG9yIFdlYnJvb3Qgbm90IG5lZWRlZCBhcyB3ZSB1c2UgQXBhY2hlIHBsdWdpbiBsYXRlcikNCiAgICAgICMgSG93ZXZlciwgd2UgbmVlZCBBcGFjaGUgcnVubmluZyBmb3IgdGhlIHBsdWdpbj8gTm8sIC0tYXBhY2hlIHVzZXMgQXBhY2hlIGNvbmZpZy4NCiAgICAgICMgV2Ugd2lsbCBydW4gY2VydGJvdCBBRlRFUiBBcGFjaGUgaXMgaW5zdGFsbGVkIGFuZCBjb25maWd1cmVkIHdpdGggSFRUUC4NCiAgICAgIA0KICAgICAgbG9nICJJbnN0YWxsaW5nIFdlYm1haWwgcGFja2FnZXMuLi4iDQogICAgICByZXRyeV9jbWQgYXB0LWdldCBpbnN0YWxsIC15IGFwYWNoZTIgcGhwIGxpYmFwYWNoZTItbW9kLXBocCBwaHAteG1sIHBocC1tYnN0cmluZyBwaHAtaW50bCBwaHAtemlwIHBocC1wZWFyIHBocC1uZXQtc210cCBwaHAtbXlzcWwgcGhwLWdkIHBocC1jdXJsIHBocC1pbWFwDQogICAgICByZXRyeV9jbWQgYXB0LWdldCBpbnN0YWxsIC15IHBocC1zcWxpdGUzIHNxbGl0ZTMNCiAgICAgIHJldHJ5X2NtZCBhcHQtZ2V0IGluc3RhbGwgLXkgcm91bmRjdWJlIHJvdW5kY3ViZS1jb3JlIHJvdW5kY3ViZS1wbHVnaW5zDQogICAgICANCiAgICAgIGNhdCA+IC9ldGMvYXBhY2hlMi9zaXRlcy1hdmFpbGFibGUvbWFpbC5jb25mIDw8ICdFT0YnDQogICAgICA8VmlydHVhbEhvc3QgKjo4MD4NCiAgICAgICAgICBTZXJ2ZXJOYW1lIG1haWwuMDR3d3cuY2xvdWQNCiAgICAgICAgICBSZWRpcmVjdCBwZXJtYW5lbnQgLyBodHRwczovL21haWwuMDR3d3cuY2xvdWQvDQogICAgICA8L1ZpcnR1YWxIb3N0Pg0KICAgICAgDQogICAgICA8VmlydHVhbEhvc3QgKjo0NDM+DQogICAgICAgICAgU2VydmVyTmFtZSBtYWlsLjA0d3d3LmNsb3VkDQogICAgICAgICAgU2VydmVyQWxpYXMgKg0KICAgICAgICAgIFNlcnZlckFkbWluIGFkbWluQDA0d3d3LmNsb3VkDQogICAgICAgICAgRG9jdW1lbnRSb290IC92YXIvbGliL3JvdW5kY3ViZS9wdWJsaWNfaHRtbA0KICAgICAgDQogICAgICAgICAgU1NMRW5naW5lIG9uDQogICAgICAgICAgU1NMQ2VydGlmaWNhdGVGaWxlIC9ldGMvc3NsL2NlcnRzL21haWwuY3J0DQogICAgICAgICAgU1NMQ2VydGlmaWNhdGVLZXlGaWxlIC9ldGMvc3NsL3ByaXZhdGUvbWFpbC5rZXkNCiAgICAgIA0KICAgICAgICAgIDxEaXJlY3RvcnkgL3Zhci9saWIvcm91bmRjdWJlL3B1YmxpY19odG1sPg0KICAgICAgICAgICAgICBPcHRpb25zICtGb2xsb3dTeW1MaW5rcw0KICAgICAgICAgICAgICBBbGxvd092ZXJyaWRlIEFsbA0KICAgICAgICAgICAgICBSZXF1aXJlIGFsbCBncmFudGVkDQogICAgICAgICAgPC9EaXJlY3Rvcnk+DQogICAgICANCiAgICAgICAgICA8RGlyZWN0b3J5IC92YXIvbGliL3JvdW5kY3ViZS9jb25maWc+DQogICAgICAgICAgICAgIE9wdGlvbnMgLUZvbGxvd1N5bUxpbmtzDQogICAgICAgICAgICAgIEFsbG93T3ZlcnJpZGUgTm9uZQ0KICAgICAgICAgICAgICBSZXF1aXJlIGFsbCBkZW5pZWQNCiAgICAgICAgICA8L0RpcmVjdG9yeT4NCiAgICAgIA0KICAgICAgICAgIEVycm9yTG9nICR7QVBBQ0hFX0xPR19ESVJ9L21haWxfZXJyb3IubG9nDQogICAgICAgICAgQ3VzdG9tTG9nICR7QVBBQ0hFX0xPR19ESVJ9L21haWxfYWNjZXNzLmxvZyBjb21iaW5lZA0KICAgICAgPC9WaXJ0dWFsSG9zdD4NCiAgICAgIEVPRg0KICAgICAgDQogICAgICBpZiBbIC1mIC9ldGMvYXBhY2hlMi9zaXRlcy1lbmFibGVkLzAwMC1kZWZhdWx0LmNvbmYgXTsgdGhlbg0KICAgICAgICAgIGEyZGlzc2l0ZSAwMDAtZGVmYXVsdC5jb25mIHx8IHRydWUNCiAgICAgICAgICBybSAtZiAvZXRjL2FwYWNoZTIvc2l0ZXMtZW5hYmxlZC8wMDAtZGVmYXVsdC5jb25mDQogICAgICBmaQ0KICAgICAgDQogICAgICBpZiBbICEgLWYgL2V0Yy9hcGFjaGUyL3NpdGVzLWVuYWJsZWQvbWFpbC5jb25mIF07IHRoZW4NCiAgICAgICAgICBhMmVuc2l0ZSBtYWlsLmNvbmYgfHwgdHJ1ZQ0KICAgICAgZmkNCiAgICAgIA0KICAgICAgYTJlbm1vZCByZXdyaXRlIHNzbCAyPi9kZXYvbnVsbCB8fCB0cnVlDQogICAgICANCiAgICAgIGNhdCA+IC9ldGMvcm91bmRjdWJlL2NvbmZpZy5pbmMucGhwIDw8ICdFT0YnDQogICAgICA8P3BocA0KICAgICAgJGNvbmZpZyA9IFtdOw0KICAgICAgJGNvbmZpZ1snZGJfZHNudyddID0gJ3NxbGl0ZTovLy8vdmFyL2xpYi9yb3VuZGN1YmUvZGIvc3FsaXRlLmRiJzsNCiAgICAgICRjb25maWdbJ2ltYXBfaG9zdCddID0gJ2xvY2FsaG9zdCc7DQogICAgICAkY29uZmlnWydzbXRwX2hvc3QnXSA9ICdsb2NhbGhvc3QnOw0KICAgICAgJGNvbmZpZ1snc210cF9wb3J0J10gPSAyNTsNCiAgICAgICRjb25maWdbJ3NtdHBfdXNlciddID0gJyc7DQogICAgICAkY29uZmlnWydzbXRwX3Bhc3MnXSA9ICcnOw0KICAgICAgJGNvbmZpZ1sncHJvZHVjdF9uYW1lJ10gPSAnMDR3d3cuY2xvdWQgQ2xvdWQgTWFpbCc7DQogICAgICAkY29uZmlnWydzdXBwb3J0X3VybCddID0gJyc7DQogICAgICAkY29uZmlnWydkZXNfa2V5J10gPSAnTWw5eFBjMmtTd1IydlU4VHE1bkZqQWk0JzsNCiAgICAgICRjb25maWdbJ3NraW4nXSA9ICdlbGFzdGljJzsNCiAgICAgICRjb25maWdbJ3NraW5fbG9nbyddID0gbnVsbDsNCiAgICAgICRjb25maWdbJ2xhbmd1YWdlJ10gPSAna29fS1InOw0KICAgICAgJGNvbmZpZ1sndGltZXpvbmUnXSA9ICdBc2lhL1Nlb3VsJzsNCiAgICAgICRjb25maWdbJ3VzZXJuYW1lX2RvbWFpbiddID0gJyc7DQogICAgICAkY29uZmlnWydtYWlsX2RvbWFpbiddID0gJzA0d3d3LmNsb3VkJzsNCiAgICAgICRjb25maWdbJ2RlZmF1bHRfaG9zdCddID0gJ2xvY2FsaG9zdCc7DQogICAgICAkY29uZmlnWydkZWZhdWx0X3BvcnQnXSA9IDE0MzsNCiAgICAgICRjb25maWdbJ2F1dG9fY3JlYXRlX3VzZXInXSA9IHRydWU7DQogICAgICAkY29uZmlnWydtYWlsX3BhZ2VzaXplJ10gPSA1MDsNCiAgICAgICRjb25maWdbJ2xpc3RfY29scyddID0gWyd0aHJlYWRzJywgJ3N1YmplY3QnLCAnZnJvbScsICdkYXRlJywgJ3NpemUnLCAnZmxhZycsICdhdHRhY2htZW50J107DQogICAgICAkY29uZmlnWydtZXNzYWdlX3Nob3dfZW1haWwnXSA9IHRydWU7DQogICAgICAkY29uZmlnWydwcmV2aWV3X3BhbmUnXSA9IHRydWU7DQogICAgICAkY29uZmlnWydwcmVmZXJfaHRtbCddID0gdHJ1ZTsNCiAgICAgICRjb25maWdbJ2h0bWxlZGl0b3InXSA9IDQ7DQogICAgICAkY29uZmlnWydkcmFmdF9hdXRvc2F2ZSddID0gNjA7DQogICAgICAkY29uZmlnWydzaG93X2ltYWdlcyddID0gMTsNCiAgICAgICRjb25maWdbJ3BsdWdpbnMnXSA9IFsnYXJjaGl2ZScsICd6aXBkb3dubG9hZCcsICdlbW90aWNvbnMnLCAnbWFya2FzanVuaycsICduZXdtYWlsX25vdGlmaWVyJ107DQogICAgICAkY29uZmlnWydsb2dpbl9yYXRlX2xpbWl0J10gPSA1Ow0KICAgICAgJGNvbmZpZ1snc2Vzc2lvbl9saWZldGltZSddID0gNjA7DQogICAgICAkY29uZmlnWydpcF9jaGVjayddID0gZmFsc2U7DQogICAgICAkY29uZmlnWydtYXhfbWVzc2FnZV9zaXplJ10gPSAnNTBNJzsNCiAgICAgICRjb25maWdbJ3VwbG9hZF9tYXhfZmlsZXNpemUnXSA9ICc1ME0nOw0KICAgICAgRU9GDQogICAgICANCiAgICAgIG1rZGlyIC1wIC92YXIvbGliL3JvdW5kY3ViZS9kYg0KICAgICAgaWYgWyAhIC1zIC92YXIvbGliL3JvdW5kY3ViZS9kYi9zcWxpdGUuZGIgXTsgdGhlbg0KICAgICAgICAgIGNhdCAvdXNyL3NoYXJlL2RiY29uZmlnLWNvbW1vbi9kYXRhL3JvdW5kY3ViZS9pbnN0YWxsL3NxbGl0ZTMgfCBzcWxpdGUzIC92YXIvbGliL3JvdW5kY3ViZS9kYi9zcWxpdGUuZGIgMj4vZGV2L251bGwgfHwgdHJ1ZQ0KICAgICAgZmkNCiAgICAgIGNob3duIC1SIHd3dy1kYXRhOnd3dy1kYXRhIC92YXIvbGliL3JvdW5kY3ViZS9kYg0KICAgICAgY2htb2QgNzU1IC92YXIvbGliL3JvdW5kY3ViZS9kYg0KICAgICAgY2htb2QgNjQ0IC92YXIvbGliL3JvdW5kY3ViZS9kYi9zcWxpdGUuZGINCiAgICAgIA0KICAgICAgZ2V0ZW50IGdyb3VwIHZtYWlsID4vZGV2L251bGwgfHwgZ3JvdXBhZGQgLWcgNTAwMCB2bWFpbA0KICAgICAgaWQgLXUgdm1haWwgPi9kZXYvbnVsbCAyPiYxIHx8IHVzZXJhZGQgLWcgdm1haWwgLXUgNTAwMCB2bWFpbCAtZCAvaG9tZS92bWFpbA0KICAgICAgbWtkaXIgLXAgL2hvbWUvdm1haWwNCiAgICAgIGNob3duIHZtYWlsOnZtYWlsIC9ob21lL3ZtYWlsDQogICAgICANCiAgICAgIGZvciB1c2VyIGluIGFkbWluIHd3dyB1c2VyMSB1c2VyMiBzdXBwb3J0OyBkbw0KICAgICAgICAgIGlmICEgaWQgIiR1c2VyIiAmPi9kZXYvbnVsbDsgdGhlbg0KICAgICAgICAgICAgICBpZiBnZXRlbnQgZ3JvdXAgIiR1c2VyIiA+L2Rldi9udWxsOyB0aGVuDQogICAgICAgICAgICAgICAgICB1c2VyYWRkIC1tIC1zIC9iaW4vYmFzaCAtZyAiJHVzZXIiICIkdXNlciINCiAgICAgICAgICAgICAgZWxzZQ0KICAgICAgICAgICAgICAgICAgdXNlcmFkZCAtbSAtcyAvYmluL2Jhc2ggIiR1c2VyIg0KICAgICAgICAgICAgICBmaQ0KICAgICAgICAgIGZpDQogICAgICAgICAgZWNobyAiJHVzZXI6SXQxMjM0NSEiIHwgY2hwYXNzd2QNCiAgICAgICAgICANCiAgICAgICAgICBta2RpciAtcCAvaG9tZS8kdXNlci9NYWlsZGlyL3tuZXcsY3VyLHRtcH0NCiAgICAgICAgICBjaG93biAtUiAkdXNlcjokdXNlciAvaG9tZS8kdXNlci9NYWlsZGlyDQogICAgICAgICAgY2htb2QgLVIgNzAwIC9ob21lLyR1c2VyL01haWxkaXINCiAgICAgIGRvbmUNCiAgICAgIA0KICAgICAgZWNobyAibWFpbC4qIC92YXIvbG9nL21haWwubG9nIiA+IC9ldGMvcnN5c2xvZy5kLzUwLW1haWwuY29uZg0KICAgICAgc3lzdGVtY3RsIHJlc3RhcnQgcnN5c2xvZyB8fCB0cnVlDQogICAgICANCiAgICAgIGVjaG8gInd3dyBBTEw9KEFMTCkgTk9QQVNTV0Q6IC91c3Ivc2Jpbi91c2VyYWRkLCAvdXNyL3NiaW4vY2hwYXNzd2QsIC9iaW4vbWtkaXIsIC9iaW4vY2hvd24sIC9iaW4vY2htb2QiID4gL2V0Yy9zdWRvZXJzLmQvd3d3LW1haWwNCiAgICAgIGNobW9kIDQ0MCAvZXRjL3N1ZG9lcnMuZC93d3ctbWFpbA0KICAgICAgDQogICAgICBta2RpciAtcCAvdmFyL2xpYi9yb3VuZGN1YmUvc2tpbnMvZWxhc3RpYy9zdHlsZXMNCiAgICAgIGNhdCA+IC92YXIvbGliL3JvdW5kY3ViZS9za2lucy9lbGFzdGljL3N0eWxlcy9kYXJrLWN1c3RvbS5jc3MgPDwgJ0NTUycNCiAgICAgIDpyb290IHsNCiAgICAgICAgICAtLW1haW4tYmc6ICMwYTBhMGEgIWltcG9ydGFudDsNCiAgICAgICAgICAtLWxheW91dC1oZWFkZXItYmc6ICMxMjEyMTIgIWltcG9ydGFudDsNCiAgICAgICAgICAtLWxheW91dC1zaWRlYmFyLWJnOiAjMGYwZjBmICFpbXBvcnRhbnQ7DQogICAgICAgICAgLS1sYXlvdXQtY29udGVudC1iZzogIzBhMGEwYSAhaW1wb3J0YW50Ow0KICAgICAgICAgIC0tbGlzdC1iZzogIzEyMTIxMiAhaW1wb3J0YW50Ow0KICAgICAgICAgIC0tbGlzdC1zZWxlY3RlZC1iZzogIzFhMWEyZSAhaW1wb3J0YW50Ow0KICAgICAgICAgIC0tbGlzdC1ob3Zlci1iZzogIzFlMWUxZSAhaW1wb3J0YW50Ow0KICAgICAgICAgIC0tcHJpbWFyeS1jb2xvcjogIzY2N2VlYSAhaW1wb3J0YW50Ow0KICAgICAgICAgIC0tbGluay1jb2xvcjogIzhiOWNmNCAhaW1wb3J0YW50Ow0KICAgICAgICAgIC0tYm9yZGVyLWNvbG9yOiAjMmEyYTJhICFpbXBvcnRhbnQ7DQogICAgICB9DQogICAgICAvKiAuLi4gQ1NTIGNvbnRlbnQgdHJ1bmNhdGVkIGZvciBicmV2aXR5IGJ1dCBwcmVzdW1lZCBzYW1lIC4uLiAqLw0KICAgICAgQ1NTDQogICAgICANCiAgICAgIGNoZ3JwIHNoYWRvdyAvZXRjL3NoYWRvdyAyPi9kZXYvbnVsbCB8fCB0cnVlDQogICAgICBjaG1vZCBnK3IgL2V0Yy9zaGFkb3cgMj4vZGV2L251bGwgfHwgdHJ1ZQ0KICAgICAgdXNlcm1vZCAtYUcgc2hhZG93IGRvdmVjb3QgMj4vZGV2L251bGwgfHwgdHJ1ZQ0KICAgICAgDQogICAgICBsb2cgIlJlc3RhcnRpbmcgc2VydmljZXMiDQogICAgICBsb2cgIkdlbmVyYXRpbmcgc2VsZi1zaWduZWQgY2VydGlmaWNhdGUgZm9yIGluaXRpYWwgQXBhY2hlIHN0YXJ0Li4uIg0KICAgICAgbWtkaXIgLXAgL2V0Yy9zc2wvcHJpdmF0ZSAvZXRjL3NzbC9jZXJ0cw0KICAgICAgb3BlbnNzbCByZXEgLXg1MDkgLW5vZGVzIC1kYXlzIDM2NSAtbmV3a2V5IHJzYToyMDQ4IC1rZXlvdXQgL2V0Yy9zc2wvcHJpdmF0ZS9tYWlsLmtleSAtb3V0IC9ldGMvc3NsL2NlcnRzL21haWwuY3J0IC1zdWJqICIvQz1LUi9TVD1TZW91bC9MPVNlb3VsL089Q2xvdWQvQ049bWFpbC4wNHd3dy5jbG91ZCIgMj4vZGV2L251bGwgfHwgdHJ1ZQ0KICAgICAgY2htb2QgNjAwIC9ldGMvc3NsL3ByaXZhdGUvbWFpbC5rZXkNCiAgICAgIGNobW9kIDY0NCAvZXRjL3NzbC9jZXJ0cy9tYWlsLmNydA0KICAgICAgDQogICAgICBzeXN0ZW1jdGwgcmVzdGFydCBwb3N0Zml4DQogICAgICBzeXN0ZW1jdGwgcmVzdGFydCBkb3ZlY290DQogICAgICBzeXN0ZW1jdGwgcmVzdGFydCBhcGFjaGUyDQogICAgICBzeXN0ZW1jdGwgZW5hYmxlIHBvc3RmaXggZG92ZWNvdCBhcGFjaGUyDQogICAgICANCiAgICAgIHVmdyBhbGxvdyAyNS90Y3AgMj4vZGV2L251bGwgfHwgdHJ1ZQ0KICAgICAgdWZ3IGFsbG93IDExMC90Y3AgMj4vZGV2L251bGwgfHwgdHJ1ZQ0KICAgICAgdWZ3IGFsbG93IDE0My90Y3AgMj4vZGV2L251bGwgfHwgdHJ1ZQ0KICAgICAgdWZ3IGFsbG93IDgwL3RjcCAyPi9kZXYvbnVsbCB8fCB0cnVlDQogICAgICB1ZncgYWxsb3cgNDQzL3RjcCAyPi9kZXYvbnVsbCB8fCB0cnVlDQogICAgICANCiAgICAgIGxvZyAiUnVubmluZyBDZXJ0Ym90IGZvciBIVFRQUy4uLiINCiAgICAgICMgVHJ5IExldCdzIEVuY3J5cHQgZmlyc3QsIGZhbGxiYWNrIHRvIFplcm9TU0wgaWYgcmF0ZSBsaW1pdGVkDQogICAgICBpZiAhIGNlcnRib3QgLS1hcGFjaGUgLWQgbWFpbC4wNHd3dy5jbG91ZCAtLW5vbi1pbnRlcmFjdGl2ZSAtLWFncmVlLXRvcyAtbSBhZG1pbkAwNHd3dy5jbG91ZCAtLXJlZGlyZWN0IDI+L2Rldi9udWxsOyB0aGVuDQogICAgICAgICAgbG9nICJDZXJ0Ym90IGZhaWxlZCAocG9zc2libHkgcmF0ZSBsaW1pdGVkKS4gVHJ5aW5nIGFjbWUuc2ggd2l0aCBaZXJvU1NMLi4uIg0KICAgICAgICAgIA0KICAgICAgICAgICMgSW5zdGFsbCBhY21lLnNoIGlmIG5vdCBwcmVzZW50DQogICAgICAgICAgaWYgWyAhIC1mIC8uYWNtZS5zaC9hY21lLnNoIF07IHRoZW4NCiAgICAgICAgICAgICAgY3VybCAtcyBodHRwczovL2dldC5hY21lLnNoIHwgc2ggLXMgZW1haWw9YWRtaW5AMDR3d3cuY2xvdWQNCiAgICAgICAgICBmaQ0KICAgICAgICAgIA0KICAgICAgICAgICMgUmVnaXN0ZXIgd2l0aCBaZXJvU1NMDQogICAgICAgICAgLy5hY21lLnNoL2FjbWUuc2ggLS1yZWdpc3Rlci1hY2NvdW50IC1tIGFkbWluQDA0d3d3LmNsb3VkIC0tc2VydmVyIHplcm9zc2wgMj4vZGV2L251bGwgfHwgdHJ1ZQ0KICAgICAgICAgIA0KICAgICAgICAgICMgSXNzdWUgY2VydGlmaWNhdGUgdXNpbmcgd2Vicm9vdA0KICAgICAgICAgIGlmIC8uYWNtZS5zaC9hY21lLnNoIC0taXNzdWUgLWQgbWFpbC4wNHd3dy5jbG91ZCAtLXdlYnJvb3QgL3Zhci9saWIvcm91bmRjdWJlL3B1YmxpY19odG1sIC0tc2VydmVyIHplcm9zc2wgLS1mb3JjZSAyPi9kZXYvbnVsbDsgdGhlbg0KICAgICAgICAgICAgICAjIEluc3RhbGwgY2VydGlmaWNhdGUNCiAgICAgICAgICAgICAgLy5hY21lLnNoL2FjbWUuc2ggLS1pbnN0YWxsLWNlcnQgLWQgbWFpbC4wNHd3dy5jbG91ZCBcDQogICAgICAgICAgICAgICAgICAtLWNlcnQtZmlsZSAvZXRjL3NzbC9jZXJ0cy9tYWlsLmNydCBcDQogICAgICAgICAgICAgICAgICAtLWtleS1maWxlIC9ldGMvc3NsL3ByaXZhdGUvbWFpbC5rZXkgXA0KICAgICAgICAgICAgICAgICAgLS1mdWxsY2hhaW4tZmlsZSAvZXRjL3NzbC9jZXJ0cy9tYWlsLWZ1bGxjaGFpbi5jcnQgXA0KICAgICAgICAgICAgICAgICAgLS1yZWxvYWRjbWQgInN5c3RlbWN0bCByZWxvYWQgYXBhY2hlMiIgMj4vZGV2L251bGwNCiAgICAgICAgICAgICAgDQogICAgICAgICAgICAgICMgVXBkYXRlIEFwYWNoZSBjb25maWcgdG8gdXNlIGZ1bGxjaGFpbg0KICAgICAgICAgICAgICBzZWQgLWkgJ3N8U1NMQ2VydGlmaWNhdGVGaWxlLip8U1NMQ2VydGlmaWNhdGVGaWxlIC9ldGMvc3NsL2NlcnRzL21haWwtZnVsbGNoYWluLmNydHxnJyAvZXRjL2FwYWNoZTIvc2l0ZXMtYXZhaWxhYmxlL21haWwuY29uZg0KICAgICAgICAgICAgICBzZWQgLWkgJ3N8U1NMQ2VydGlmaWNhdGVLZXlGaWxlLip8U1NMQ2VydGlmaWNhdGVLZXlGaWxlIC9ldGMvc3NsL3ByaXZhdGUvbWFpbC5rZXl8ZycgL2V0Yy9hcGFjaGUyL3NpdGVzLWF2YWlsYWJsZS9tYWlsLmNvbmYNCiAgICAgICAgICAgICAgc3lzdGVtY3RsIHJlbG9hZCBhcGFjaGUyDQogICAgICAgICAgICAgIGxvZyAiWmVyb1NTTCBjZXJ0aWZpY2F0ZSBpbnN0YWxsZWQgc3VjY2Vzc2Z1bGx5Ig0KICAgICAgICAgIGVsc2UNCiAgICAgICAgICAgICAgbG9nICJXQVJOSU5HOiBCb3RoIENlcnRib3QgYW5kIGFjbWUuc2ggZmFpbGVkLiBVc2luZyBzZWxmLXNpZ25lZCBjZXJ0aWZpY2F0ZS4iDQogICAgICAgICAgZmkNCiAgICAgIGZpDQogICAgICANCiAgICAgICMgVnVsbmVyYWJsZSBBY2NvdW50IGZvciBCcnV0ZSBGb3JjZSBUcmFpbmluZw0KICAgICAgdXNlcmFkZCAtbSAtcyAvYmluL2Jhc2ggZ3Vlc3QgfHwgdHJ1ZQ0KICAgICAgZWNobyAiZ3Vlc3Q6Z3Vlc3QiIHwgY2hwYXNzd2QNCiAgICAgIG1rZGlyIC1wIC9ob21lL2d1ZXN0L01haWxkaXIve25ldyxjdXIsdG1wfQ0KICAgICAgY2hvd24gLVIgZ3Vlc3Q6Z3Vlc3QgL2hvbWUvZ3Vlc3QvTWFpbGRpcg0KICAgICAgY2htb2QgLVIgNzAwIC9ob21lL2d1ZXN0L01haWxkaXINCiAgICAgIA0KICAgICAgIyBGYWlsMkJhbiBJbnN0YWxsYXRpb24gKERJU0FCTEVEIGZvciBCcnV0ZSBGb3JjZSBUcmFpbmluZykNCiAgICAgICMgVG8gZW5hYmxlIHByb3RlY3Rpb246IHN5c3RlbWN0bCBzdGFydCBmYWlsMmJhbg0KICAgICAgcmV0cnlfY21kIGFwdC1nZXQgaW5zdGFsbCAteSBmYWlsMmJhbg0KICAgICAgDQogICAgICBjYXQgPiAvZXRjL2ZhaWwyYmFuL2phaWwubG9jYWwgPDwgJ0VPRicNCiAgICAgIFtERUZBVUxUXQ0KICAgICAgYmFudGltZSAgPSAxaA0KICAgICAgZmluZHRpbWUgPSAxMG0NCiAgICAgIG1heHJldHJ5ID0gNQ0KICAgICAgaWdub3JlaXAgPSAxMjcuMC4wLjEvOCA6OjENCiAgICAgIA0KICAgICAgW3NzaGRdDQogICAgICBlbmFibGVkID0gdHJ1ZQ0KICAgICAgcG9ydCAgICA9IHNzaA0KICAgICAgbG9ncGF0aCA9ICUoc3NoZF9sb2cpcw0KICAgICAgYmFja2VuZCA9ICUoc3NoZF9iYWNrZW5kKXMNCiAgICAgIA0KICAgICAgW3Bvc3RmaXgtc2FzbF0NCiAgICAgIGVuYWJsZWQgPSB0cnVlDQogICAgICBwb3J0ICAgID0gc210cCw1ODcsc3VibWlzc2lvbg0KICAgICAgZmlsdGVyICA9IHBvc3RmaXhbbW9kZT1hdXRoXQ0KICAgICAgbG9ncGF0aCA9IC92YXIvbG9nL21haWwubG9nDQogICAgICANCiAgICAgIFtkb3ZlY290XQ0KICAgICAgZW5hYmxlZCA9IHRydWUNCiAgICAgIHBvcnQgICAgPSBwb3AzLHBvcDNzLGltYXAsaW1hcHMsc3VibWlzc2lvbiw0MTkwDQogICAgICBmaWx0ZXIgID0gZG92ZWNvdA0KICAgICAgbG9ncGF0aCA9IC92YXIvbG9nL21haWwubG9nDQogICAgICBFT0YNCiAgICAgIA0KICAgICAgIyBFeHBsaWNpdGx5IGRpc2FibGUgZmFpbDJiYW4gZm9yIHRyYWluaW5nIHNjZW5hcmlvcw0KICAgICAgc3lzdGVtY3RsIHN0b3AgZmFpbDJiYW4NCiAgICAgIHN5c3RlbWN0bCBkaXNhYmxlIGZhaWwyYmFuDQogICAgICANCiAgICAgICMgSW5zdGFsbCBOdSBTaGVsbCBmb3IgaW1wcm92ZWQgc2hlbGwgZXhwZXJpZW5jZSAoaWRlbXBvdGVudCkNCiAgICAgIGlmIFsgISAtZiAvdXNyL2xvY2FsL2Jpbi9udSBdOyB0aGVuDQogICAgICAgICAgbG9nICJJbnN0YWxsaW5nIE51IFNoZWxsLi4uIg0KICAgICAgICAgIGN1cmwgLUwgaHR0cHM6Ly9naXRodWIuY29tL251c2hlbGwvbnVzaGVsbC9yZWxlYXNlcy9kb3dubG9hZC8wLjg4LjEvbnUtMC44OC4xLXg4Nl82NC11bmtub3duLWxpbnV4LW11c2wudGFyLmd6IC1vIC90bXAvbnUudGFyLmd6DQogICAgICAgICAgdGFyIC14emYgL3RtcC9udS50YXIuZ3ogLUMgL3RtcA0KICAgICAgICAgIG12IC90bXAvbnUtMC44OC4xLXg4Nl82NC11bmtub3duLWxpbnV4LW11c2wvbnUgL3Vzci9sb2NhbC9iaW4vbnUNCiAgICAgICAgICBjaG1vZCAreCAvdXNyL2xvY2FsL2Jpbi9udQ0KICAgICAgICAgIHJtIC1yZiAvdG1wL251LnRhci5neiAvdG1wL251LTAuODguMS14ODZfNjQtdW5rbm93bi1saW51eC1tdXNsDQogICAgICBlbHNlDQogICAgICAgICAgbG9nICJOdSBTaGVsbCBhbHJlYWR5IGluc3RhbGxlZCwgc2tpcHBpbmcgZG93bmxvYWQiDQogICAgICBmaQ0KICAgICAgZ3JlcCAtcSAiL3Vzci9sb2NhbC9iaW4vbnUiIC9ldGMvc2hlbGxzIHx8IGVjaG8gIi91c3IvbG9jYWwvYmluL251IiA+PiAvZXRjL3NoZWxscw0KICAgICAgIyBBbHdheXMgZm9yY2UgTnUgU2hlbGwgZm9yIHd3dyB1c2VyDQogICAgICBjaHNoIC1zIC91c3IvbG9jYWwvYmluL251IHd3dyAyPi9kZXYvbnVsbCB8fCB0cnVlDQogICAgICBsb2cgIlNldCB3d3cgdXNlciBzaGVsbCB0byBOdSBTaGVsbCINCiAgICAgIA0KICAgICAgIyBDb25maWd1cmUgTnUgU2hlbGwgZm9yIHd3dyB1c2VyIChpZGVtcG90ZW50KQ0KICAgICAgbWtkaXIgLXAgL2hvbWUvd3d3Ly5jb25maWcvbnVzaGVsbA0KICAgICAgY2F0IDw8J05VQ09ORklHJyA+IC9ob21lL3d3dy8uY29uZmlnL251c2hlbGwvY29uZmlnLm51DQogICAgICAjIE51IFNoZWxsIENvbmZpZ3VyYXRpb24NCiAgICAgICRlbnYuY29uZmlnID0gew0KICAgICAgICAgIHNob3dfYmFubmVyOiBmYWxzZQ0KICAgICAgfQ0KICAgICAgTlVDT05GSUcNCiAgICAgIA0KICAgICAgY2F0IDw8J05VRU5WJyA+IC9ob21lL3d3dy8uY29uZmlnL251c2hlbGwvZW52Lm51DQogICAgICAjIE51IFNoZWxsIEVudmlyb25tZW50DQogICAgICAkZW52LlBST01QVF9DT01NQU5EID0ge3x8DQogICAgICAgICAgbGV0IGhvc3RuYW1lID0gKGhvc3RuYW1lIHwgc3RyIHRyaW0pDQogICAgICAgICAgbGV0IHBhdGggPSAocHdkIHwgcGF0aCBiYXNlbmFtZSkNCiAgICAgICAgICAkIigkaG9zdG5hbWUpOigkcGF0aCk+ICINCiAgICAgIH0NCiAgICAgICRlbnYuUFJPTVBUX0lORElDQVRPUiA9ICIiDQogICAgICBOVUVOVg0KICAgICAgDQogICAgICBjaG93biAtUiB3d3c6d3d3IC9ob21lL3d3dy8uY29uZmlnL251c2hlbGwNCiAgICAgIGxvZyAiTnUgU2hlbGwgaW5zdGFsbGVkIHN1Y2Nlc3NmdWxseSB3aXRoIGN1c3RvbSBwcm9tcHQiDQogICAgICANCiAgICAgICMgUmVzdG9yZSBTU0ggYXV0aG9yaXplZF9rZXlzIGZvciB3d3cgdXNlciAoaWYgYmFja3VwIGV4aXN0cykNCiAgICAgIFNTSF9CQUNLVVBfRElSPSIvcm9vdC8uc3NoX2JhY2t1cCINCiAgICAgIGlmIFsgLWQgIiRTU0hfQkFDS1VQX0RJUi93d3dfc3NoIiBdOyB0aGVuDQogICAgICAgICAgbG9nICJSZXN0b3Jpbmcgd3d3IHVzZXIgU1NIIGtleXMgZnJvbSBiYWNrdXAuLi4iDQogICAgICAgICAgbWtkaXIgLXAgL2hvbWUvd3d3Ly5zc2gNCiAgICAgICAgICBjcCAtYSAiJFNTSF9CQUNLVVBfRElSL3d3d19zc2gvIiogL2hvbWUvd3d3Ly5zc2gvIDI+L2Rldi9udWxsIHx8IHRydWUNCiAgICAgICAgICBjaG93biAtUiB3d3c6d3d3IC9ob21lL3d3dy8uc3NoDQogICAgICAgICAgY2htb2QgNzAwIC9ob21lL3d3dy8uc3NoDQogICAgICAgICAgY2htb2QgNjAwIC9ob21lL3d3dy8uc3NoL2F1dGhvcml6ZWRfa2V5cyAyPi9kZXYvbnVsbCB8fCB0cnVlDQogICAgICBmaQ0KICAgICAgDQogICAgICBsb2cgIk1haWwgU2VydmVyIFNldHVwIENvbXBsZXRlIg0KICAgICAgZWNobyAiIg0KICAgICAgZWNobyAiPT09PT09PT09PT09PT09PT09PT09PT09PT09PT09PT09PT09PT09PT0iDQogICAgICBlY2hvICIgIDA0d3d3LmNsb3VkIENsb3VkIE1haWwgU2VydmVyIg0KICAgICAgZWNobyAiPT09PT09PT09PT09PT09PT09PT09PT09PT09PT09PT09PT09PT09PT0iDQogICAgICBlY2hvICJXZWJtYWlsIFVSTCAgIDogaHR0cHM6Ly9tYWlsLjA0d3d3LmNsb3VkLyINCiAgICAgIGVjaG8gIiINCiAgICAgIGVjaG8gIkFjY291bnRzIChQYXNzd29yZDogSXQxMjM0NSEpOiINCiAgICAgIGVjaG8gIiAgLSBhZG1pbkAwNHd3dy5jbG91ZCINCiAgICAgIGVjaG8gIiAgLSB3d3dAMDR3d3cuY2xvdWQiDQogICAgICBlY2hvICIgIC0gdXNlcjFAMDR3d3cuY2xvdWQiDQogICAgICBlY2hvICIgIC0gdXNlcjJAMDR3d3cuY2xvdWQiICANCiAgICAgIGVjaG8gIiAgLSBzdXBwb3J0QDA0d3d3LmNsb3VkIg0KICAgICAgZWNobyAiICAtIGd1ZXN0QDA0d3d3LmNsb3VkIg0KICAgICAgZWNobyAiIg0KICAgICAgZWNobyAiVGhlbWU6IERhcmsgTW9kZSAoRWxhc3RpYykiDQogICAgICBlY2hvICI9PT09PT09PT09PT09PT09PT09PT09PT09PT09PT09PT09PT09PT09PSINCiAgICAgIA0KICAgICAgDQpydW5jbWQ6DQogIC0gL29wdC9tYWlsX3NldHVwLnNoDQo=",
            "dedicated_host_group_id": "",
            "dedicated_host_id": "",
            "disable_password_authentication": true,
            "disk_controller_type": "SCSI",
            "edge_zone": "",
            "encryption_at_host_enabled": false,
            "eviction_policy": "",
            "extensions_time_budget": "PT1H30M",
            "gallery_application": [],
            "id": "/subscriptions/99b79efe-ebd6-468c-b39f-5669acb259e1/resourceGroups/04-t1-www/providers/Microsoft.Compute/virtualMachines/mail-vm",
            "identity": [
              {
                "identity_ids": [],
                "principal_id": "61bac8ba-6eae-4c95-a527-9dbe7d09fd67",
                "tenant_id": "548e9ef4-b1d5-48fa-b220-59f52d6db511",
                "type": "SystemAssigned"
              }
            ],
            "license_type": "",
            "location": "koreacentral",
            "max_bid_price": -1,
            "name": "mail-vm",
            "network_interface_ids": [
              "/subscriptions/99b79efe-ebd6-468c-b39f-5669acb259e1/resourceGroups/04-t1-www/providers/Microsoft.Network/networkInterfaces/mail-nic"
            ],
            "os_disk": [
              {
                "caching": "ReadWrite",
                "diff_disk_settings": [],
                "disk_encryption_set_id": "",
                "disk_size_gb": 30,
                "id": "/subscriptions/99b79efe-ebd6-468c-b39f-5669acb259e1/resourceGroups/04-t1-www/providers/Microsoft.Compute/disks/mail-vm_OsDisk_1_6e474b54f8d948818856322b70da2b69",
                "name": "mail-vm_OsDisk_1_6e474b54f8d948818856322b70da2b69",
                "secure_vm_disk_encryption_set_id": "",
                "security_encryption_type": "",
                "storage_account_type": "Standard_LRS",
                "write_accelerator_enabled": false
              }
            ],
            "os_image_notification": [],
            "os_managed_disk_id": "/subscriptions/99b79efe-ebd6-468c-b39f-5669acb259e1/resourceGroups/04-t1-www/providers/Microsoft.Compute/disks/mail-vm_OsDisk_1_6e474b54f8d948818856322b70da2b69",
            "patch_assessment_mode": "ImageDefault",
            "patch_mode": "ImageDefault",
            "plan": [],
            "platform_fault_domain": -1,
            "priority": "Regular",
            "private_ip_address": "192.168.6.4",
            "private_ip_addresses": [
              "192.168.6.4"
            ],
            "provision_vm_agent": true,
            "proximity_placement_group_id": "",
            "public_ip_address": "20.196.113.87",
            "public_ip_addresses": [
              "20.196.113.87"
            ],
            "reboot_setting": "",
            "resource_group_name": "04-t1-www",
            "secret": [],
            "secure_boot_enabled": false,
            "size": "Standard_B2s",
            "source_image_id": "",
            "source_image_reference": [
              {
                "offer": "0001-com-ubuntu-server-jammy",
                "publisher": "Canonical",
                "sku": "22_04-lts-gen2",
                "version": "latest"
              }
            ],
            "tags": {
              "Environment": "Production",
              "Service": "Mail Server"
            },
            "termination_notification": [],
            "timeouts": null,
            "user_data": "",
            "virtual_machine_id": "b53d330d-9f4b-4860-930a-f7b8fdbd55d4",
            "virtual_machine_scale_set_id": "",
            "vm_agent_platform_updates_enabled": false,
            "vtpm_enabled": false,
            "zone": "1"
          },
          "sensitive_attributes": [
            [
              {
                "type": "get_attr",
                "value": "admin_password"
              }
            ],
            [
              {
                "type": "get_attr",
                "value": "custom_data"
              }
            ]
          ],
          "identity_schema_version": 0,
          "private": "eyJlMmJmYjczMC1lY2FhLTExZTYtOGY4OC0zNDM2M2JjN2M0YzAiOnsiY3JlYXRlIjoyNzAwMDAwMDAwMDAwLCJkZWxldGUiOjI3MDAwMDAwMDAwMDAsInJlYWQiOjMwMDAwMDAwMDAwMCwidXBkYXRlIjoyNzAwMDAwMDAwMDAwfX0=",
          "dependencies": [
            "azurerm_resource_group.rg",
            "module.compute.azurerm_network_interface.mail_nic",
            "module.compute.azurerm_public_ip.mail_pip",
            "module.database.azurerm_mysql_flexible_server.www_mysql",
            "module.database.random_string.mysql_suffix",
            "module.network_central.azurerm_subnet.subnets",
            "module.network_central.azurerm_virtual_network.vnet",
            "module.security.azurerm_key_vault.kv",
            "module.security.data.azurerm_client_config.current",
            "module.security.data.http.my_ip",
            "module.security.random_id.kv"
          ]
        }
      ]
    },
    {
      "module": "module.compute",
      "mode": "managed",
      "type": "azurerm_linux_virtual_machine_scale_set",
      "name": "vmss",
      "provider": "provider[\"registry.terraform.io/hashicorp/azurerm\"]",
      "instances": [
        {
          "schema_version": 0,
          "attributes": {
            "additional_capabilities": [],
            "admin_password": "It12345!",
            "admin_ssh_key": [
              {
                "public_key": "ssh-rsa AAAAB3NzaC1yc2EAAAADAQABAAACAQC/TlpVUiv5Z/P3mboBl0O/9rKioqT71tOasgqglsOzUNpH4VFl9OlPIWhk3+pKWvzNU+mMZSdsgRPwM1kGqYl3Nx2fnP5D/a/5sNlHgOZajuKgoxvWUmvU8Qd5MBUt0YHWGQCipsZnOeMjTquv/tA0t3zm6CDoMm/QmnHqEQXFeSExvGQ3RKZ5tz1Yy9FKNaAki+TpVbUWTJA95EDOOiPRLFcyv7A1hRxdtrZ/+EJxGnwx6mmx367Wor3oiYK/J1Ju3zX+8ucstTFua/Ka2CCxCOLHzpkRtF1EOHS+eghVh4aNR9V6RVevzQf44HR8FSD/3JppBmymXpnBC93lpab/UtSzG+pvu0NOI7suGUlMZ/M9eT4RhGvMVWyEMhbeUhiKqZd/LbnQ9RjNsp0f5oPVbzUjg4YSymXOs48uQqYhSnvjb3Y6/8dKze1baTIFl8IDfUmTFaLuXeEzv0XxJTEEsXmB3O17bJXHKYhEfSMYb5BoZBmNt3UVeC1N7qfImnbHBFD2PonhsB21Uwn/s8KYuRNEmirJR031TBevTal2BWJzJmH8dOZZF2x0DPYwhr9YyOwT+YRv9VxR/oGXQcoTq4EkzUx53xJqVT64m5XJ+8cMMzXs4PmN0RyydjDsPuWe1pjZ5eYscc492U2n4yNaiH2vOmNMbn5X9dyc4KHb6Q== school\r\n",
                "username": "www"
              },
              {
                "public_key": "ssh-rsa AAAAB3NzaC1yc2EAAAADAQABAAACAQDEQ9S4RS2JUOKiaCaBw4oPlYbCOscuYsk9Zm0h07tIvqzGFwsQcMCYCGUYMyUoWxZU3V8WoxOruBhdn6RJMj+H7E2OAI3pfCqC1H0VflC00fO8K1dkQIqfbfrUgdwZRZbfXg6a2iuD2TTwUjeXw0lwqqK8QvMplbROGZSLf+erIC2aHN60ekHJLXSP3492Vy6RHj07bJiupG8ylsAvV3nKhkR58zrhOvNiOUSvwtOSyvlrnnpj0Zo31defuY5mVrAMfw90sWzt9h5iItFGbQVTagmd2/derktwToxQY0nZEkPPvX3Km4qq3/OdIWhtR940eaePPHmSdgfQ+tt4vA+uRNaIGbCEwmQsMDa7GzsiHDk5EAtrOm6oqT2y590poIVRlkHB4FiPx4zJS/OnTsW1z3P53Tged7gd21bWkFmAjLzTfLGlMKGeF8rxcWDdOkqC4BViA296kBYJ1QE9vpWOq2taam6usTqiD2asc7Ie7/iR28Vw6cVZ2lxU3dh7zJ6IxPl6l7OxLNwUGWIy6L8cGua2OvFtddJL290DDNAXRCGbkg7XRCBl+QwJfkAOdocNCzFtMekw9nQ384mRFajjaE3kMH4rd7C3ty4cLk/9ZLaA7QhUJ0dpTYFSlpn5/V+82/ROU3GkoRgm8qUeO2/mx5SrLQFdtVMdpfdcLj4zFw== home\r\n",
                "username": "www"
              }
            ],
            "admin_username": "www",
            "automatic_instance_repair": [
              {
                "action": "",
                "enabled": true,
                "grace_period": "PT30M"
              }
            ],
            "automatic_os_upgrade_policy": [
              {
                "disable_automatic_rollback": false,
                "enable_automatic_os_upgrade": false
              }
            ],
            "boot_diagnostics": [],
            "capacity_reservation_group_id": "",
            "computer_name_prefix": "web-vmss",
            "custom_data": null,
            "data_disk": [],
            "disable_password_authentication": false,
            "do_not_run_extensions_on_overprovisioned_machines": false,
            "edge_zone": "",
            "encryption_at_host_enabled": false,
            "eviction_policy": "",
            "extension": [
              {
                "auto_upgrade_minor_version": true,
                "automatic_upgrade_enabled": false,
                "force_update_tag": "",
                "name": "WebInitScript",
                "protected_settings": "{\"script\":\"IyEvYmluL2Jhc2gKIyBXZWIgVk1TUyBJbml0aWFsaXphdGlvbiBTY3JpcHQKIyBUZXJyYWZvcm0gVmFyaWFibGVzOiAxOTIuMTY4LjUuNCwgODUwMjAyYTMtMWVjYS00ZTFlLThjZjMtOTU5NjJlODRhMzEzLCAwNC10MS13d3cKCnNldCAtZQoKZXhlYyA+ID4odGVlIC1hICIvdmFyL2xvZy93ZWJfaW5pdC5sb2ciKSAyPiYxCgpsb2coKSB7CiAgICBlY2hvICJbJChkYXRlICcrJVktJW0tJWQgJUg6JU06JVMnKV0gJDEiCn0KCmVycm9yX2hhbmRsZXIoKSB7CiAgICBsb2cgIkVSUk9SOiBDb21tYW5kICckMicgZmFpbGVkIG9uIGxpbmUgJDEiCiAgICBleGl0IDEKfQoKdHJhcCAnZXJyb3JfaGFuZGxlciAkTElORU5PICIkQkFTSF9DT01NQU5EIicgRVJSCgpsb2cgIlN0YXJ0aW5nIFdlYiBHYXRld2F5IEluaXRpYWxpemF0aW9uIgoKZWNobyAiODUwMjAyYTMtMWVjYS00ZTFlLThjZjMtOTU5NjJlODRhMzEzIiA+IC9ldGMvbHVwYW5nX2FwcF9pbnNpZ2h0c19rZXkKY2htb2QgNjAwIC9ldGMvbHVwYW5nX2FwcF9pbnNpZ2h0c19rZXkKCnNldGVuZm9yY2UgMCB8fCB0cnVlCnNlZCAtaSAncy9TRUxJTlVYPWVuZm9yY2luZy9TRUxJTlVYPWRpc2FibGVkL2cnIC9ldGMvc2VsaW51eC9jb25maWcgfHwgdHJ1ZQpzZXRzZWJvb2wgLVAgaHR0cGRfY2FuX25ldHdvcmtfY29ubmVjdCAxIHx8IHRydWUKCmxvZyAiSW5zdGFsbGluZyBmaXJld2FsbGQuLi4iCmRuZiBpbnN0YWxsIC15IGZpcmV3YWxsZCB8fCB0cnVlCnN5c3RlbWN0bCBlbmFibGUgZmlyZXdhbGxkIHx8IHRydWUKc3lzdGVtY3RsIHN0YXJ0IGZpcmV3YWxsZCB8fCB0cnVlCmZpcmV3YWxsLWNtZCAtLXpvbmU9cHVibGljIC0tYWRkLXNlcnZpY2U9aHR0cCAtLXBlcm1hbmVudCB8fCB0cnVlCmZpcmV3YWxsLWNtZCAtLXpvbmU9cHVibGljIC0tYWRkLXNlcnZpY2U9aHR0cHMgLS1wZXJtYW5lbnQgfHwgdHJ1ZQpmaXJld2FsbC1jbWQgLS16b25lPXB1YmxpYyAtLWFkZC1zZXJ2aWNlPXNzaCAtLXBlcm1hbmVudCB8fCB0cnVlCmZpcmV3YWxsLWNtZCAtLXJlbG9hZCB8fCB0cnVlCgpsb2cgIkluc3RhbGxpbmcgcGFja2FnZXMuLi4iCgojIFJldHJ5IGZ1bmN0aW9uIGZvciBwYWNrYWdlIGluc3RhbGxhdGlvbiAod2FpdHMgZm9yIEZpcmV3YWxsIHJ1bGVzIHRvIGJlIGFwcGxpZWQpCmluc3RhbGxfd2l0aF9yZXRyeSgpIHsKICAgIGxvY2FsIGNtZD0iJDEiCiAgICBsb2NhbCBtYXhfYXR0ZW1wdHM9MTAKICAgIGxvY2FsIGF0dGVtcHQ9MQogICAgd2hpbGUgWyAkYXR0ZW1wdCAtbGUgJG1heF9hdHRlbXB0cyBdOyBkbwogICAgICAgIGxvZyAiQXR0ZW1wdCAkYXR0ZW1wdC8kbWF4X2F0dGVtcHRzOiAkY21kIgogICAgICAgIGlmIGV2YWwgIiRjbWQiOyB0aGVuCiAgICAgICAgICAgIGxvZyAiU1VDQ0VTUzogJGNtZCIKICAgICAgICAgICAgcmV0dXJuIDAKICAgICAgICBmaQogICAgICAgIGxvZyAiQXR0ZW1wdCAkYXR0ZW1wdCBmYWlsZWQsIHJldHJ5aW5nIGluIDE1IHNlY29uZHMuLi4iCiAgICAgICAgc2xlZXAgMTUKICAgICAgICBhdHRlbXB0PSQoKGF0dGVtcHQgKyAxKSkKICAgIGRvbmUKICAgIGxvZyAiRVJST1I6IEFsbCBhdHRlbXB0cyBmYWlsZWQgZm9yOiAkY21kIgogICAgcmV0dXJuIDEKfQoKaW5zdGFsbF93aXRoX3JldHJ5ICJkbmYgaW5zdGFsbCAteSBuZ2lueCByZWRpcyBteXNxbCIKCmxvZyAiSW5zdGFsbGluZyBhbmQgY29uZmlndXJpbmcgYXVkaXRkIGZvciBob3N0IGJlaGF2aW9yIG1vbml0b3JpbmcuLi4iCmluc3RhbGxfd2l0aF9yZXRyeSAiZG5mIGluc3RhbGwgLXkgYXVkaXQgYXVkaXQtbGlicyIKCiMgQ29uZmlndXJlIGZpbGUgaW50ZWdyaXR5IG1vbml0b3JpbmcgcnVsZXMKbG9nICJDb25maWd1cmluZyBmaWxlIGludGVncml0eSBtb25pdG9yaW5nLi4uIgphdWRpdGN0bCAtdyAvZXRjL3Bhc3N3ZCAtcCB3YSAtayBwYXNzd2RfY2hhbmdlcyB8fCB0cnVlCmF1ZGl0Y3RsIC13IC9ldGMvc2hhZG93IC1wIHdhIC1rIHNoYWRvd19jaGFuZ2VzIHx8IHRydWUKYXVkaXRjdGwgLXcgL2V0Yy9zdWRvZXJzIC1wIHdhIC1rIHN1ZG9lcnNfY2hhbmdlcyB8fCB0cnVlCmF1ZGl0Y3RsIC13IC92YXIvbG9nIC1wIHdhIC1rIGxvZ190YW1wZXJpbmcgfHwgdHJ1ZQoKIyBDb25maWd1cmUgcHJvY2VzcyBleGVjdXRpb24gbW9uaXRvcmluZwpsb2cgIkNvbmZpZ3VyaW5nIHN1c3BpY2lvdXMgcHJvY2VzcyBtb25pdG9yaW5nLi4uIgphdWRpdGN0bCAtYSBhbHdheXMsZXhpdCAtRiBhcmNoPWI2NCAtUyBleGVjdmUgLWsgcHJvY2Vzc19leGVjdXRpb24gfHwgdHJ1ZQoKIyBDb25maWd1cmUgbmV0d29yayBjb25uZWN0aW9uIG1vbml0b3JpbmcKbG9nICJDb25maWd1cmluZyBuZXR3b3JrIGNvbm5lY3Rpb24gbW9uaXRvcmluZy4uLiIKYXVkaXRjdGwgLWEgYWx3YXlzLGV4aXQgLUYgYXJjaD1iNjQgLVMgY29ubmVjdCAtayBuZXR3b3JrX2Nvbm5lY3QgfHwgdHJ1ZQoKIyBQZXJzaXN0IGF1ZGl0IHJ1bGVzCmxvZyAiUGVyc2lzdGluZyBhdWRpdCBydWxlcy4uLiIKY2F0IDw8J0FVRElUUlVMRVMnID4gL2V0Yy9hdWRpdC9ydWxlcy5kL2x1cGFuZy1zZWN1cml0eS5ydWxlcwojIEZpbGUgSW50ZWdyaXR5IE1vbml0b3JpbmcKLXcgL2V0Yy9wYXNzd2QgLXAgd2EgLWsgcGFzc3dkX2NoYW5nZXMKLXcgL2V0Yy9zaGFkb3cgLXAgd2EgLWsgc2hhZG93X2NoYW5nZXMKLXcgL2V0Yy9zdWRvZXJzIC1wIHdhIC1rIHN1ZG9lcnNfY2hhbmdlcwotdyAvdmFyL2xvZyAtcCB3YSAtayBsb2dfdGFtcGVyaW5nCgojIFByb2Nlc3MgRXhlY3V0aW9uIE1vbml0b3JpbmcKLWEgYWx3YXlzLGV4aXQgLUYgYXJjaD1iNjQgLVMgZXhlY3ZlIC1rIHByb2Nlc3NfZXhlY3V0aW9uCgojIE5ldHdvcmsgQ29ubmVjdGlvbiBNb25pdG9yaW5nCi1hIGFsd2F5cyxleGl0IC1GIGFyY2g9YjY0IC1TIGNvbm5lY3QgLWsgbmV0d29ya19jb25uZWN0CkFVRElUUlVMRVMKCnN5c3RlbWN0bCBlbmFibGUgYXVkaXRkIHx8IHRydWUKc3lzdGVtY3RsIHJlc3RhcnQgYXVkaXRkIHx8IHRydWUKc3lzdGVtY3RsIHJlc3RhcnQgcnN5c2xvZyB8fCB0cnVlCgpsb2cgIkF1ZGl0ZCBjb25maWd1cmF0aW9uIGNvbXBsZXRlLiBIb3N0IGJlaGF2aW9yIGRldGVjdGlvbiBlbmFibGVkLiIKCgpsb2cgIkluc3RhbGxpbmcgQXp1cmUgQ0xJLi4uIgpycG0gLS1pbXBvcnQgaHR0cHM6Ly9wYWNrYWdlcy5taWNyb3NvZnQuY29tL2tleXMvbWljcm9zb2Z0LmFzYwpkbmYgaW5zdGFsbCAteSBodHRwczovL3BhY2thZ2VzLm1pY3Jvc29mdC5jb20vY29uZmlnL3JoZWwvOS4wL3BhY2thZ2VzLW1pY3Jvc29mdC1wcm9kLnJwbSB8fCB0cnVlCmRuZiBpbnN0YWxsIC15IGF6dXJlLWNsaSB8fCB0cnVlCgpsb2cgIkxvZ2dpbmcgaW4gd2l0aCBNYW5hZ2VkIElkZW50aXR5Li4uIgpheiBsb2dpbiAtLWlkZW50aXR5IHx8IGxvZyAiV0FSTklORzogYXogbG9naW4gZmFpbGVkLiBDaGVjayBNYW5hZ2VkIElkZW50aXR5IGFzc2lnbm1lbnQuIgoKbG9nICJVcGRhdGluZyBPcGVuU1NILi4uIgpkbmYgdXBkYXRlIC15IG9wZW5zc2gtc2VydmVyIG9wZW5zc2gtY2xpZW50cyB8fCB0cnVlCnN5c3RlbWN0bCByZXN0YXJ0IHNzaGQgfHwgdHJ1ZQoKbG9nICJDb25maWd1cmluZyBOZ2lueC4uLiIKY2F0IDw8J0VPRicgPiAvZXRjL25naW54L25naW54LmNvbmYKdXNlciBuZ2lueDsKd29ya2VyX3Byb2Nlc3NlcyBhdXRvOwplcnJvcl9sb2cgL3Zhci9sb2cvbmdpbngvZXJyb3IubG9nIG5vdGljZTsKcGlkIC9ydW4vbmdpbngucGlkOwoKZXZlbnRzIHsKICAgIHdvcmtlcl9jb25uZWN0aW9ucyA0MDk2OwogICAgdXNlIGVwb2xsOwogICAgbXVsdGlfYWNjZXB0IG9uOwp9CgpodHRwIHsKICAgIGluY2x1ZGUgICAgICAgL2V0Yy9uZ2lueC9taW1lLnR5cGVzOwogICAgZGVmYXVsdF90eXBlICBhcHBsaWNhdGlvbi9vY3RldC1zdHJlYW07CgogICAgbG9nX2Zvcm1hdCBqc29uX2FuYWx5dGljcyBlc2NhcGU9anNvbiAneycKICAgICAgICAnInRpbWVfbG9jYWwiOiAiJHRpbWVfbG9jYWwiLCcKICAgICAgICAnInJlbW90ZV9hZGRyIjogIiRyZW1vdGVfYWRkciIsJwogICAgICAgICcicmVxdWVzdF9pZCI6ICIkcmVxdWVzdF9pZCIsJwogICAgICAgICcicmVtb3RlX3VzZXIiOiAiJHJlbW90ZV91c2VyIiwnCiAgICAgICAgJyJyZXF1ZXN0IjogIiRyZXF1ZXN0IiwnCiAgICAgICAgJyJzdGF0dXMiOiAiJHN0YXR1cyIsJwogICAgICAgICciYm9keV9ieXRlc19zZW50IjogIiRib2R5X2J5dGVzX3NlbnQiLCcKICAgICAgICAnImh0dHBfcmVmZXJlciI6ICIkaHR0cF9yZWZlcmVyIiwnCiAgICAgICAgJyJodHRwX3VzZXJfYWdlbnQiOiAiJGh0dHBfdXNlcl9hZ2VudCIsJwogICAgICAgICcicmVxdWVzdF90aW1lIjogIiRyZXF1ZXN0X3RpbWUiLCcKICAgICAgICAnInVwc3RyZWFtX2Nvbm5lY3RfdGltZSI6ICIkdXBzdHJlYW1fY29ubmVjdF90aW1lIiwnCiAgICAgICAgJyJ1cHN0cmVhbV9oZWFkZXJfdGltZSI6ICIkdXBzdHJlYW1faGVhZGVyX3RpbWUiLCcKICAgICAgICAnInVwc3RyZWFtX3Jlc3BvbnNlX3RpbWUiOiAiJHVwc3RyZWFtX3Jlc3BvbnNlX3RpbWUiLCcKICAgICAgICAnInVwc3RyZWFtX3N0YXR1cyI6ICIkdXBzdHJlYW1fc3RhdHVzIiwnCiAgICAgICAgJyJ1cHN0cmVhbV9hZGRyIjogIiR1cHN0cmVhbV9hZGRyIicKICAgICd9JzsKCiAgICBhY2Nlc3NfbG9nICAvdmFyL2xvZy9uZ2lueC9hY2Nlc3MubG9nICBqc29uX2FuYWx5dGljczsKCiAgICBzZW5kZmlsZSAgICAgICAgb247CiAgICB0Y3Bfbm9wdXNoICAgICAgb247CiAgICB0Y3Bfbm9kZWxheSAgICAgb247CiAgICBrZWVwYWxpdmVfdGltZW91dCAgNjU7CiAgICB0eXBlc19oYXNoX21heF9zaXplIDIwNDg7CiAgICAKICAgIHNlcnZlcl90b2tlbnMgb2ZmOwoKICAgIGd6aXAgb247CiAgICBnemlwX3Zhcnkgb247CiAgICBnemlwX3Byb3hpZWQgYW55OwogICAgZ3ppcF9jb21wX2xldmVsIDY7CiAgICBnemlwX3R5cGVzIHRleHQvcGxhaW4gdGV4dC9jc3MgdGV4dC94bWwgYXBwbGljYXRpb24vanNvbiBhcHBsaWNhdGlvbi9qYXZhc2NyaXB0IGFwcGxpY2F0aW9uL3htbCtyc3MgYXBwbGljYXRpb24vYXRvbSt4bWwgaW1hZ2Uvc3ZnK3htbDsKCiAgICBpbmNsdWRlIC9ldGMvbmdpbngvY29uZi5kLyouY29uZjsKfQpFT0YKCmNhdCA8PEVPRiA+IC9ldGMvbmdpbngvY29uZi5kLzAwX3NlY3VyaXR5X2NhY2hlLmNvbmYKbGltaXRfcmVxX3pvbmUgXCRiaW5hcnlfcmVtb3RlX2FkZHIgem9uZT1sdXBhbmdfZ2VuZXJhbDoxMG0gcmF0ZT0yMHIvczsKbGltaXRfcmVxX3pvbmUgXCRiaW5hcnlfcmVtb3RlX2FkZHIgem9uZT1sdXBhbmdfc2Vuc2l0aXZlOjEwbSByYXRlPTVyL3M7CnByb3h5X2NhY2hlX3BhdGggL3Zhci9jYWNoZS9uZ2lueCBsZXZlbHM9MToyIGtleXNfem9uZT1sdXBhbmdfY2FjaGU6NTBtIG1heF9zaXplPTFnIGluYWN0aXZlPTMwbSB1c2VfdGVtcF9wYXRoPW9mZjsKRU9GCgpta2RpciAtcCAvdmFyL2NhY2hlL25naW54CmNob3duIC1SIG5naW54Om5naW54IC92YXIvY2FjaGUvbmdpbngKCmNhdCA8PEVPRiA+IC9ldGMvbmdpbngvY29uZi5kL2x1cGFuZ19wcm94eS5jb25mCnVwc3RyZWFtIGJhY2tlbmRfd2FzIHsKICAgIHNlcnZlciAxOTIuMTY4LjUuNDsKICAgIGtlZXBhbGl2ZSAzMjsKfQoKc2VydmVyIHsKICAgIGxpc3RlbiA4MCBkZWZhdWx0X3NlcnZlcjsKICAgIHNlcnZlcl9uYW1lIF87CgogICAgZXJyb3JfcGFnZSA0MDMgNDA0IC9jdXN0b21fNHh4Lmh0bWw7CiAgICBlcnJvcl9wYWdlIDUwMCA1MDIgNTAzIDUwNCAvY3VzdG9tXzUweC5odG1sOwoKICAgIGFkZF9oZWFkZXIgWC1GcmFtZS1PcHRpb25zICJTQU1FT1JJR0lOIiBhbHdheXM7CiAgICBhZGRfaGVhZGVyIFgtWFNTLVByb3RlY3Rpb24gIjE7IG1vZGU9YmxvY2siIGFsd2F5czsKICAgIGFkZF9oZWFkZXIgWC1Db250ZW50LVR5cGUtT3B0aW9ucyAibm9zbmlmZiIgYWx3YXlzOwogICAgYWRkX2hlYWRlciBSZWZlcnJlci1Qb2xpY3kgInN0cmljdC1vcmlnaW4td2hlbi1jcm9zcy1vcmlnaW4iIGFsd2F5czsKCiAgICBsb2NhdGlvbiAvaGVhbHRoLmh0bWwgewogICAgICAgIGFjY2Vzc19sb2cgb2ZmOwogICAgICAgIHJldHVybiAyMDAgJ1dlYi1HYXRld2F5LU9LJzsKICAgICAgICBhZGRfaGVhZGVyIENvbnRlbnQtVHlwZSB0ZXh0L3BsYWluOwogICAgfQogICAgCiAgICBsb2NhdGlvbiB+IF4vKGFkbWluX2JhY2t1cHxwaHBteWFkbWlufGNvbmZpZ3xkYl9kdW1wKS8gewogICAgICAgIGFjY2Vzc19sb2cgL3Zhci9sb2cvbmdpbngvYWNjZXNzLmxvZyBqc29uX2FuYWx5dGljczsKICAgICAgICByZXR1cm4gNDAzOwogICAgfQoKICAgICMgVnVsbmVyYWJpbGl0eSA2OiBEaXJlY3RvcnkgTGlzdGluZyBFbmFibGVkIGZvciAvYmFja3VwCiAgICBsb2NhdGlvbiAvYmFja3VwLyB7CiAgICAgICAgYXV0b2luZGV4IG9uOwogICAgICAgIGF1dG9pbmRleF9leGFjdF9zaXplIG9mZjsKICAgICAgICBhdXRvaW5kZXhfZm9ybWF0IGh0bWw7CiAgICB9CgogICAgbG9jYXRpb24gfiAvXC4oZ2l0fGVudnxodGFjY2Vzc3xodHBhc3N3ZHxzdm4pIHsKICAgICAgICBkZW55IGFsbDsKICAgIH0KCiAgICBsb2NhdGlvbiB+KiBcLihqcGd8anBlZ3xwbmd8Z2lmfGljb3xjc3N8anN8d29mZnx3b2ZmMnxzdmcpJCB7CiAgICAgICAgcHJveHlfcGFzcyBodHRwOi8vYmFja2VuZF93YXM7CiAgICAgICAgCiAgICAgICAgcHJveHlfc2V0X2hlYWRlciBIb3N0IFwkaG9zdDsKICAgICAgICBwcm94eV9zZXRfaGVhZGVyIFgtUmVhbC1JUCBcJHJlbW90ZV9hZGRyOwogICAgICAgIHByb3h5X3NldF9oZWFkZXIgWC1Gb3J3YXJkZWQtRm9yIFwkcHJveHlfYWRkX3hfZm9yd2FyZGVkX2ZvcjsKICAgICAgICBwcm94eV9zZXRfaGVhZGVyIFgtUmVxdWVzdC1JRCBcJHJlcXVlc3RfaWQ7CgogICAgICAgIHByb3h5X2NhY2hlIGx1cGFuZ19jYWNoZTsKICAgICAgICBwcm94eV9jYWNoZV92YWxpZCAyMDAgMzAyIDEwbTsKICAgICAgICBwcm94eV9jYWNoZV92YWxpZCA0MDQgMW07CiAgICAgICAgcHJveHlfY2FjaGVfdXNlX3N0YWxlIGVycm9yIHRpbWVvdXQgdXBkYXRpbmcgaHR0cF81MDAgaHR0cF81MDIgaHR0cF81MDMgaHR0cF81MDQ7CiAgICAgICAgCiAgICAgICAgYWRkX2hlYWRlciBYLUNhY2hlLVN0YXR1cyBcJHVwc3RyZWFtX2NhY2hlX3N0YXR1czsKICAgIH0KCiAgICBsb2NhdGlvbiB+IF4vKGxvZ2luXC5waHB8bXlwYWdlXC5waHB8YWRtaW5fZGFzaGJvYXJkXC5waHB8bG9nb3V0XC5waHApIHsKICAgICAgICBsaW1pdF9yZXEgem9uZT1sdXBhbmdfc2Vuc2l0aXZlIGJ1cnN0PTUgbm9kZWxheTsKICAgICAgICAKICAgICAgICBwcm94eV9wYXNzIGh0dHA6Ly9iYWNrZW5kX3dhczsKICAgICAgICBwcm94eV9zZXRfaGVhZGVyIEhvc3QgXCRob3N0OwogICAgICAgIHByb3h5X3NldF9oZWFkZXIgWC1SZWFsLUlQIFwkcmVtb3RlX2FkZHI7CiAgICAgICAgcHJveHlfc2V0X2hlYWRlciBYLUZvcndhcmRlZC1Gb3IgXCRwcm94eV9hZGRfeF9mb3J3YXJkZWRfZm9yOwogICAgICAgIHByb3h5X3NldF9oZWFkZXIgWC1SZXF1ZXN0LUlEIFwkcmVxdWVzdF9pZDsKICAgICAgICAKICAgICAgICBwcm94eV9jYWNoZV9ieXBhc3MgMTsgCiAgICAgICAgcHJveHlfbm9fY2FjaGUgMTsKICAgIH0KCiAgICBsb2NhdGlvbiAvIHsKICAgICAgICBsaW1pdF9yZXEgem9uZT1sdXBhbmdfZ2VuZXJhbCBidXJzdD0yMCBub2RlbGF5OwoKICAgICAgICBwcm94eV9wYXNzIGh0dHA6Ly9iYWNrZW5kX3dhczsKICAgICAgICBwcm94eV9zZXRfaGVhZGVyIEhvc3QgXCRob3N0OwogICAgICAgIHByb3h5X3NldF9oZWFkZXIgWC1SZWFsLUlQIFwkcmVtb3RlX2FkZHI7CiAgICAgICAgcHJveHlfc2V0X2hlYWRlciBYLUZvcndhcmRlZC1Gb3IgXCRwcm94eV9hZGRfeF9mb3J3YXJkZWRfZm9yOwogICAgICAgIHByb3h5X3NldF9oZWFkZXIgWC1SZXF1ZXN0LUlEIFwkcmVxdWVzdF9pZDsKCiAgICAgICAgcHJveHlfY2FjaGUgbHVwYW5nX2NhY2hlOwogICAgICAgIHByb3h5X2NhY2hlX3ZhbGlkIDIwMCA1czsKICAgICAgICBhZGRfaGVhZGVyIFgtQ2FjaGUtU3RhdHVzIFwkdXBzdHJlYW1fY2FjaGVfc3RhdHVzOwogICAgICAgIAogICAgICAgIHByb3h5X2Nvbm5lY3RfdGltZW91dCA1czsKICAgICAgICBwcm94eV9yZWFkX3RpbWVvdXQgNjBzOwogICAgfQoKICAgIGxvY2F0aW9uID0gL2N1c3RvbV80eHguaHRtbCB7IHJvb3QgL3Vzci9zaGFyZS9uZ2lueC9odG1sL2x1cGFuZ19lcnJvcnM7IGludGVybmFsOyB9CiAgICBsb2NhdGlvbiA9IC9jdXN0b21fNTB4Lmh0bWwgeyByb290IC91c3Ivc2hhcmUvbmdpbngvaHRtbC9sdXBhbmdfZXJyb3JzOyBpbnRlcm5hbDsgfQp9CkVPRgoKcm0gLWYgL2V0Yy9uZ2lueC9jb25mLmQvZGVmYXVsdC5jb25mCgpta2RpciAtcCAvdXNyL3NoYXJlL25naW54L2h0bWwvbHVwYW5nX2Vycm9ycwoKY2F0IDw8J0VPRicgPiAvdXNyL3NoYXJlL25naW54L2h0bWwvbHVwYW5nX2Vycm9ycy9jdXN0b21fNTB4Lmh0bWwKPCFET0NUWVBFIGh0bWw+CjxodG1sIGxhbmc9ImtvIj4KPGhlYWQ+CiAgICA8bWV0YSBjaGFyc2V0PSJVVEYtOCI+CiAgICA8dGl0bGU+U2VydmljZSBVbmF2YWlsYWJsZSAtIEx1cGFuZzwvdGl0bGU+CiAgICA8c3R5bGU+CiAgICAgICAgYm9keSB7CiAgICAgICAgICAgIGJhY2tncm91bmQtY29sb3I6ICMxMjEyMTI7CiAgICAgICAgICAgIGNvbG9yOiAjZmZmZmZmOwogICAgICAgICAgICBmb250LWZhbWlseTogJ05vdG8gU2FucyBLUicsIHNhbnMtc2VyaWY7CiAgICAgICAgICAgIGRpc3BsYXk6IGZsZXg7CiAgICAgICAgICAgIGFsaWduLWl0ZW1zOiBjZW50ZXI7CiAgICAgICAgICAgIGp1c3RpZnktY29udGVudDogY2VudGVyOwogICAgICAgICAgICBoZWlnaHQ6IDEwMHZoOwogICAgICAgICAgICBtYXJnaW46IDA7CiAgICAgICAgICAgIHRleHQtYWxpZ246IGNlbnRlcjsKICAgICAgICB9CiAgICAgICAgLmNvbnRhaW5lciB7CiAgICAgICAgICAgIG1heC13aWR0aDogNjAwcHg7CiAgICAgICAgICAgIHBhZGRpbmc6IDQwcHg7CiAgICAgICAgICAgIGJvcmRlcjogMXB4IHNvbGlkICMzMzM7CiAgICAgICAgICAgIGJhY2tncm91bmQtY29sb3I6ICMxZTFlMWU7CiAgICAgICAgICAgIGJvcmRlci1yYWRpdXM6IDEycHg7CiAgICAgICAgICAgIGJveC1zaGFkb3c6IDAgMjBweCA1MHB4IHJnYmEoMCwwLDAsMC41KTsKICAgICAgICB9CiAgICAgICAgaDEgeyBmb250LXNpemU6IDNyZW07IGNvbG9yOiAjZTYwMDIzOyBtYXJnaW4tYm90dG9tOiAxMHB4OyBmb250LXdlaWdodDogOTAwOyBsZXR0ZXItc3BhY2luZzogLTFweDsgfQogICAgICAgIGgzIHsgZm9udC1zaXplOiAxLjVyZW07IG1hcmdpbi1ib3R0b206IDIwcHg7IH0KICAgICAgICBwIHsgY29sb3I6ICNhMGEwYTA7IGZvbnQtc2l6ZTogMXJlbTsgbGluZS1oZWlnaHQ6IDEuNjsgbWFyZ2luLWJvdHRvbTogMzBweDsgfQogICAgICAgIC5idG4gewogICAgICAgICAgICBkaXNwbGF5OiBpbmxpbmUtYmxvY2s7CiAgICAgICAgICAgIHBhZGRpbmc6IDEycHggMzBweDsKICAgICAgICAgICAgYmFja2dyb3VuZC1jb2xvcjogI2U2MDAyMzsKICAgICAgICAgICAgY29sb3I6IHdoaXRlOwogICAgICAgICAgICB0ZXh0LWRlY29yYXRpb246IG5vbmU7CiAgICAgICAgICAgIGJvcmRlci1yYWRpdXM6IDUwcHg7CiAgICAgICAgICAgIGZvbnQtd2VpZ2h0OiBib2xkOwogICAgICAgICAgICB0cmFuc2l0aW9uOiAwLjNzOwogICAgICAgIH0KICAgICAgICAuYnRuOmhvdmVyIHsgYmFja2dyb3VuZC1jb2xvcjogI2ZmMmY0ZjsgYm94LXNoYWRvdzogMCAwIDE1cHggcmdiYSgyMzAsIDAsIDM1LCAwLjUpOyB9CiAgICAgICAgLmVycm9yLWNvZGUgeyBmb250LXNpemU6IDAuOHJlbTsgY29sb3I6ICM0NDQ7IG1hcmdpbi10b3A6IDMwcHg7IH0KICAgIDwvc3R5bGU+CjwvaGVhZD4KPGJvZHk+CiAgICA8ZGl2IGNsYXNzPSJjb250YWluZXIiPgogICAgICAgIDxoMT5MVVBBTkc8L2gxPgogICAgICAgIDxoMz7snqDsi5wg7Jew6rKw7J20IOyngOyXsOuQmOqzoCDsnojsirXri4jri6QuPC9oMz4KICAgICAgICA8cD4KICAgICAgICAgICAg7ZiE7J6sIOygkeyGjeufieydtCDrp47qsbDrgpgg7Iuc7Iqk7YWcIOygkOqygCDspJHsnoXri4jri6QuPGJyPgogICAgICAgICAgICDqs6DqsJ3ri5jsnZgg7Ie87ZWR7JeQIOu2iO2OuOydhCDrk5zroKQg7KOE7Iah7ZWp64uI64ukLjxicj4KICAgICAgICAgICAg7J6g7IucIO2bhCDri6Tsi5wg7Iuc64+E7ZW0IOyjvOyLnOq4sCDrsJTrno3ri4jri6QuCiAgICAgICAgPC9wPgogICAgICAgIDxhIGhyZWY9Ii8iIGNsYXNzPSJidG4iPuyDiOuhnOqzoOy5qDwvYT4KICAgICAgICA8ZGl2IGNsYXNzPSJlcnJvci1jb2RlIj5FcnJvciBDb2RlOiA1MDIgQmFkIEdhdGV3YXkgLyA1MDMgU2VydmljZSBVbmF2YWlsYWJsZTwvZGl2PgogICAgPC9kaXY+CjwvYm9keT4KPC9odG1sPgpFT0YKCmNhdCA8PCdFT0YnID4gL3Vzci9zaGFyZS9uZ2lueC9odG1sL2x1cGFuZ19lcnJvcnMvY3VzdG9tXzR4eC5odG1sCjwhRE9DVFlQRSBodG1sPgo8aHRtbCBsYW5nPSJrbyI+CjxoZWFkPgogICAgPG1ldGEgY2hhcnNldD0iVVRGLTgiPgogICAgPHRpdGxlPkFjY2VzcyBEZW5pZWQgLSBMdXBhbmc8L3RpdGxlPgogICAgPHN0eWxlPgogICAgICAgIGJvZHkgewogICAgICAgICAgICBiYWNrZ3JvdW5kLWNvbG9yOiAjMTIxMjEyOwogICAgICAgICAgICBjb2xvcjogI2ZmZmZmZjsKICAgICAgICAgICAgZm9udC1mYW1pbHk6ICdOb3RvIFNhbnMgS1InLCBzYW5zLXNlcmlmOwogICAgICAgICAgICBkaXNwbGF5OiBmbGV4OwogICAgICAgICAgICBhbGlnbi1pdGVtczogY2VudGVyOwogICAgICAgICAgICBqdXN0aWZ5LWNvbnRlbnQ6IGNlbnRlcjsKICAgICAgICAgICAgaGVpZ2h0OiAxMDB2aDsKICAgICAgICAgICAgbWFyZ2luOiAwOwogICAgICAgICAgICB0ZXh0LWFsaWduOiBjZW50ZXI7CiAgICAgICAgfQogICAgICAgIC5jb250YWluZXIgewogICAgICAgICAgICBtYXgtd2lkdGg6IDYwMHB4OwogICAgICAgICAgICBwYWRkaW5nOiA0MHB4OwogICAgICAgICAgICBib3JkZXI6IDFweCBzb2xpZCAjMzMzOwogICAgICAgICAgICBiYWNrZ3JvdW5kLWNvbG9yOiAjMWUxZTFlOwogICAgICAgICAgICBib3JkZXItcmFkaXVzOiAxMnB4OwogICAgICAgICAgICBib3gtc2hhZG93OiAwIDIwcHggNTBweCByZ2JhKDAsMCwwLDAuNSk7CiAgICAgICAgfQogICAgICAgIGgxIHsgZm9udC1zaXplOiAzcmVtOyBjb2xvcjogI2U2MDAyMzsgbWFyZ2luLWJvdHRvbTogMTBweDsgZm9udC13ZWlnaHQ6IDkwMDsgbGV0dGVyLXNwYWNpbmc6IC0xcHg7IH0KICAgICAgICBoMyB7IGZvbnQtc2l6ZTogMS41cmVtOyBtYXJnaW4tYm90dG9tOiAyMHB4OyB9CiAgICAgICAgcCB7IGNvbG9yOiAjYTBhMGEwOyBmb250LXNpemU6IDFyZW07IGxpbmUtaGVpZ2h0OiAxLjY7IG1hcmdpbi1ib3R0b206IDMwcHg7IH0KICAgICAgICAuYnRuIHsKICAgICAgICAgICAgZGlzcGxheTogaW5saW5lLWJsb2NrOwogICAgICAgICAgICBwYWRkaW5nOiAxMnB4IDMwcHg7CiAgICAgICAgICAgIGJvcmRlcjogMnB4IHNvbGlkICNlNjAwMjM7CiAgICAgICAgICAgIGNvbG9yOiAjZTYwMDIzOwogICAgICAgICAgICB0ZXh0LWRlY29yYXRpb246IG5vbmU7CiAgICAgICAgICAgIGJvcmRlci1yYWRpdXM6IDUwcHg7CiAgICAgICAgICAgIGZvbnQtd2VpZ2h0OiBib2xkOwogICAgICAgICAgICB0cmFuc2l0aW9uOiAwLjNzOwogICAgICAgIH0KICAgICAgICAuYnRuOmhvdmVyIHsgYmFja2dyb3VuZC1jb2xvcjogI2U2MDAyMzsgY29sb3I6IHdoaXRlOyB9CiAgICAgICAgLmVycm9yLWNvZGUgeyBmb250LXNpemU6IDAuOHJlbTsgY29sb3I6ICM0NDQ7IG1hcmdpbi10b3A6IDMwcHg7IH0KICAgIDwvc3R5bGU+CjwvaGVhZD4KPGJvZHk+CiAgICA8ZGl2IGNsYXNzPSJjb250YWluZXIiPgogICAgICAgIDxoMT5MVVBBTkc8L2gxPgogICAgICAgIDxoMz7sm5DtlZjsi5zripQg7Y6Y7J207KeA66W8IOywvuydhCDsiJgg7JeG7Iq164uI64ukLjwvaDM+CiAgICAgICAgPHA+CiAgICAgICAgICAgIOyalOyyre2VmOyLoCDtjpjsnbTsp4DqsIAg7IKt7KCc65CY7JeI6rGw64KYLCDsnpjrqrvrkJwg6rK966Gc7J6F64uI64ukLjxicj4KICAgICAgICAgICAg65iQ64qUIOygkeq3vCDqtoztlZzsnbQg7JeG64qUIO2OmOydtOyngOydvCDsiJgg7J6I7Iq164uI64ukLgogICAgICAgIDwvcD4KICAgICAgICA8YSBocmVmPSIvIiBjbGFzcz0iYnRuIj7tmYjsnLzroZwg64+M7JWE6rCA6riwPC9hPgogICAgICAgIDxkaXYgY2xhc3M9ImVycm9yLWNvZGUiPkVycm9yIENvZGU6IDQwMyBGb3JiaWRkZW4gLyA0MDQgTm90IEZvdW5kPC9kaXY+CiAgICA8L2Rpdj4KPC9ib2R5Pgo8L2h0bWw+CkVPRgoKbG9nICJWYWxpZGF0aW5nIE5naW54IGNvbmZpZ3VyYXRpb24uLi4iCmlmIG5naW54IC10OyB0aGVuCiAgICBsb2cgIk5naW54IGNvbmZpZ3VyYXRpb24gdmFsaWQuIFN0YXJ0aW5nIHNlcnZpY2UuIgogICAgc3lzdGVtY3RsIGVuYWJsZSBuZ2lueAogICAgc3lzdGVtY3RsIHJlc3RhcnQgbmdpbngKICAgIGxvZyAiV2ViIFZNU1MgSW5pdGlhbGl6YXRpb24gQ29tcGxldGUuIgplbHNlCiAgICBsb2cgIkNSSVRJQ0FMOiBOZ2lueCBjb25maWd1cmF0aW9uIGZhaWxlZC4gQ2hlY2sgbG9ncy4iCiAgICBleGl0IDEKZmkKCiMgSW5zdGFsbCBOdSBTaGVsbCBmb3IgaW1wcm92ZWQgc2hlbGwgZXhwZXJpZW5jZSAoaWRlbXBvdGVudCkKaWYgWyAhIC1mIC91c3IvbG9jYWwvYmluL251IF07IHRoZW4KICAgIGxvZyAiSW5zdGFsbGluZyBOdSBTaGVsbC4uLiIKICAgIGZvciBpIGluIDEgMiAzIDQgNTsgZG8KICAgICAgICBpZiBjdXJsIC1MIC0tY29ubmVjdC10aW1lb3V0IDMwIC0tbWF4LXRpbWUgMTgwIGh0dHBzOi8vZ2l0aHViLmNvbS9udXNoZWxsL251c2hlbGwvcmVsZWFzZXMvZG93bmxvYWQvMC44OC4xL251LTAuODguMS14ODZfNjQtdW5rbm93bi1saW51eC1tdXNsLnRhci5neiAtbyAvdG1wL251LnRhci5nejsgdGhlbgogICAgICAgICAgICB0YXIgLXh6ZiAvdG1wL251LnRhci5neiAtQyAvdG1wCiAgICAgICAgICAgIG12IC90bXAvbnUtMC44OC4xLXg4Nl82NC11bmtub3duLWxpbnV4LW11c2wvbnUgL3Vzci9sb2NhbC9iaW4vbnUKICAgICAgICAgICAgY2htb2QgK3ggL3Vzci9sb2NhbC9iaW4vbnUKICAgICAgICAgICAgcm0gLXJmIC90bXAvbnUudGFyLmd6IC90bXAvbnUtMC44OC4xLXg4Nl82NC11bmtub3duLWxpbnV4LW11c2wKICAgICAgICAgICAgbG9nICJOdSBTaGVsbCBkb3dubG9hZGVkIHN1Y2Nlc3NmdWxseSIKICAgICAgICAgICAgYnJlYWsKICAgICAgICBmaQogICAgICAgIGxvZyAiTnUgU2hlbGwgZG93bmxvYWQgYXR0ZW1wdCAkaSBmYWlsZWQsIHJldHJ5aW5nIGluIDE1cy4uLiIKICAgICAgICBzbGVlcCAxNQogICAgZG9uZQplbHNlCiAgICBsb2cgIk51IFNoZWxsIGFscmVhZHkgaW5zdGFsbGVkLCBza2lwcGluZyBkb3dubG9hZCIKZmkKZ3JlcCAtcSAiL3Vzci9sb2NhbC9iaW4vbnUiIC9ldGMvc2hlbGxzIHx8IGVjaG8gIi91c3IvbG9jYWwvYmluL251IiA+PiAvZXRjL3NoZWxscwpkbmYgaW5zdGFsbCAteSB1dGlsLWxpbnV4LXVzZXIgMj4vZGV2L251bGwgfHwgdHJ1ZQpnZXRlbnQgcGFzc3dkIHd3dyB8IGdyZXAgLXEgIi91c3IvbG9jYWwvYmluL251IiB8fCBjaHNoIC1zIC91c3IvbG9jYWwvYmluL251IHd3dyB8fCB0cnVlCgojIENvbmZpZ3VyZSBOdSBTaGVsbCBmb3Igd3d3IHVzZXIgKG9wdGlvbmFsLCBvbmx5IGlmIE51IFNoZWxsIHdhcyBpbnN0YWxsZWQpCigKICAgIGlmIFsgLWYgL3Vzci9sb2NhbC9iaW4vbnUgXTsgdGhlbgogICAgICAgIHN1IC0gd3d3IC1zIC9iaW4vYmFzaCAtYyAnbWtkaXIgLXAgfi8uY29uZmlnL251c2hlbGwnIHx8IHRydWUKICAgICAgICBjYXQgPDwnTlVDT05GSUcnID4gL2hvbWUvd3d3Ly5jb25maWcvbnVzaGVsbC9jb25maWcubnUKIyBOdSBTaGVsbCBDb25maWd1cmF0aW9uCiRlbnYuY29uZmlnID0gewogICAgc2hvd19iYW5uZXI6IGZhbHNlCn0KTlVDT05GSUcKCiAgICAgICAgY2F0IDw8J05VRU5WJyA+IC9ob21lL3d3dy8uY29uZmlnL251c2hlbGwvZW52Lm51CiMgTnUgU2hlbGwgRW52aXJvbm1lbnQKJGVudi5QUk9NUFRfQ09NTUFORCA9IHt8fAogICAgbGV0IGhvc3RuYW1lID0gKGhvc3RuYW1lIHwgc3RyIHRyaW0pCiAgICBsZXQgcGF0aCA9IChwd2QgfCBwYXRoIGJhc2VuYW1lKQogICAgJCIoJGhvc3RuYW1lKTooJHBhdGgpPiAiCn0KJGVudi5QUk9NUFRfSU5ESUNBVE9SID0gIiIKCiMgSGVscGVyIGZ1bmN0aW9uIHRvIGNvbm5lY3QgdG8gV0FTIChkeW5hbWljYWxseSBmZXRjaGVzIFZNU1MgaW5zdGFuY2UgSVApCmRlZiB3YXMgW10gewogICAgcHJpbnQgIldBUyBWTVNTIElQIOyhsO2ajCDspJEuLi4iCiAgICBsZXQgd2FzX2lwID0gKGF6IHZtc3MgbmljIGxpc3QgLS1yZXNvdXJjZS1ncm91cCAwNC10MS13d3cgLS12bXNzLW5hbWUgd2FzLXZtc3MgLS1xdWVyeSAiWzBdLmlwQ29uZmlndXJhdGlvbnNbMF0ucHJpdmF0ZUlQQWRkcmVzcyIgLW8gdHN2IHwgc3RyIHRyaW0pCiAgICBpZiAoJHdhc19pcCB8IGlzLWVtcHR5KSB7CiAgICAgICAgcHJpbnQgIuKdjCBXQVMgSVDrpbwg7LC+7J2EIOyImCDsl4bsirXri4jri6QuIGF6IGxvZ2luIOyDge2DnOulvCDtmZXsnbjtlZjshLjsmpQuIgogICAgICAgIHJldHVybgogICAgfQogICAgcHJpbnQgJCLinIUgV0FTIElQOiAoJHdhc19pcCkiCiAgICBzc2ggJCJ3d3dAKCR3YXNfaXApIgp9CgojIEhlbHBlciBmdW5jdGlvbiB0byBjb25uZWN0IHRvIE15U1FMIChydW4gb24gV0FTLCBub3QgV2ViKQpkZWYgbXlkYiBbXSB7IAogICAgcHJpbnQgIk15U1FMIOygkeyGjeydgCBXQVMg7ISc67KE7JeQ7IScIOyLpO2Wie2VmOyEuOyalDogbXlzcWwgLWggJGVudi5NWVNRTF9IT1NUIC11IHd3dyAtcCIKfQpOVUVOVgoKICAgICAgICBjaG93biAtUiB3d3c6d3d3IC9ob21lL3d3dy8uY29uZmlnL251c2hlbGwgMj4vZGV2L251bGwgfHwgdHJ1ZQogICAgICAgIGxvZyAiTnUgU2hlbGwgY29uZmlndXJhdGlvbiBjb21wbGV0ZSIKICAgIGVsc2UKICAgICAgICBsb2cgIlNraXBwaW5nIE51IFNoZWxsIGNvbmZpZ3VyYXRpb24gKG5vdCBpbnN0YWxsZWQpIgogICAgZmkKKSB8fCBsb2cgIldBUk5JTkc6IE51IFNoZWxsIGNvbmZpZ3VyYXRpb24gZmFpbGVkIChub24tY3JpdGljYWwpIgoKZWNobyAiSU5JVF9DT01QTEVURUQiID4gL3RtcC93ZWJfaW5pdF9jb21wbGV0ZS50eHQKY2htb2QgNjQ0IC90bXAvd2ViX2luaXRfY29tcGxldGUudHh0Cgpsb2cgIkluaXRpYWxpemF0aW9uIFByb2NlZHVyZSBGaW5pc2hlZCI=\"}",
                "protected_settings_from_key_vault": [],
                "provision_after_extensions": [],
                "publisher": "Microsoft.Azure.Extensions",
                "settings": "",
                "type": "CustomScript",
                "type_handler_version": "2.1"
              }
            ],
            "extension_operations_enabled": true,
            "extensions_time_budget": "PT1H30M",
            "gallery_application": [],
            "health_probe_id": "/subscriptions/99b79efe-ebd6-468c-b39f-5669acb259e1/resourceGroups/04-t1-www/providers/Microsoft.Network/loadBalancers/www-lb/probes/http-probe",
            "host_group_id": null,
            "id": "/subscriptions/99b79efe-ebd6-468c-b39f-5669acb259e1/resourceGroups/04-t1-www/providers/Microsoft.Compute/virtualMachineScaleSets/web-vmss",
            "identity": [
              {
                "identity_ids": [
                  "/subscriptions/99b79efe-ebd6-468c-b39f-5669acb259e1/resourceGroups/04-t1-www/providers/Microsoft.ManagedIdentity/userAssignedIdentities/vmss-managed-identity"
                ],
                "principal_id": "",
                "tenant_id": "",
                "type": "UserAssigned"
              }
            ],
            "instances": 2,
            "location": "koreacentral",
            "max_bid_price": -1,
            "name": "web-vmss",
            "network_interface": [
              {
                "auxiliary_mode": "",
                "auxiliary_sku": "",
                "dns_servers": [],
                "enable_accelerated_networking": true,
                "enable_ip_forwarding": false,
                "ip_configuration": [
                  {
                    "application_gateway_backend_address_pool_ids": [
                      "/subscriptions/99b79efe-ebd6-468c-b39f-5669acb259e1/resourceGroups/04-t1-www/providers/Microsoft.Network/applicationGateways/www-appgw/backendAddressPools/www-backend-pool"
                    ],
                    "application_security_group_ids": [],
                    "load_balancer_backend_address_pool_ids": [
                      "/subscriptions/99b79efe-ebd6-468c-b39f-5669acb259e1/resourceGroups/04-t1-www/providers/Microsoft.Network/loadBalancers/www-lb/backendAddressPools/www-backend-pool"
                    ],
                    "load_balancer_inbound_nat_rules_ids": [
                      "/subscriptions/99b79efe-ebd6-468c-b39f-5669acb259e1/resourceGroups/04-t1-www/providers/Microsoft.Network/loadBalancers/www-lb/inboundNatPools/ssh-nat-pool"
                    ],
                    "name": "internal",
                    "primary": true,
                    "public_ip_address": [],
                    "subnet_id": "/subscriptions/99b79efe-ebd6-468c-b39f-5669acb259e1/resourceGroups/04-t1-www/providers/Microsoft.Network/virtualNetworks/vnet0/subnets/www-web",
                    "version": "IPv4"
                  }
                ],
                "name": "vmss-nic",
                "network_security_group_id": "",
                "primary": true
              }
            ],
            "os_disk": [
              {
                "caching": "ReadOnly",
                "diff_disk_settings": [],
                "disk_encryption_set_id": "",
                "disk_size_gb": 10,
                "secure_vm_disk_encryption_set_id": "",
                "security_encryption_type": "",
                "storage_account_type": "Premium_LRS",
                "write_accelerator_enabled": false
              }
            ],
            "overprovision": false,
            "plan": [
              {
                "name": "9-lvm",
                "product": "rockylinux-x86_64",
                "publisher": "resf"
              }
            ],
            "platform_fault_domain_count": 5,
            "priority": "Regular",
            "provision_vm_agent": true,
            "proximity_placement_group_id": "",
            "resilient_vm_creation_enabled": false,
            "resilient_vm_deletion_enabled": false,
            "resource_group_name": "04-t1-www",
            "rolling_upgrade_policy": [
              {
                "cross_zone_upgrades_enabled": false,
                "max_batch_instance_percent": 20,
                "max_unhealthy_instance_percent": 100,
                "max_unhealthy_upgraded_instance_percent": 100,
                "maximum_surge_instances_enabled": false,
                "pause_time_between_batches": "PT0S",
                "prioritize_unhealthy_instances_enabled": false
              }
            ],
            "scale_in": [],
            "secret": [],
            "secure_boot_enabled": false,
            "single_placement_group": true,
            "sku": "Standard_D2s_v3",
            "source_image_id": "",
            "source_image_reference": [
              {
                "offer": "rockylinux-x86_64",
                "publisher": "resf",
                "sku": "9-lvm",
                "version": "latest"
              }
            ],
            "spot_restore": [],
            "tags": {
              "Environment": "Production",
              "ManagedBy": "Terraform",
              "Purpose": "Web-Scale-Set"
            },
            "termination_notification": [],
            "timeouts": null,
            "unique_id": "ffdd2970-a7aa-43a3-a288-bf8921553839",
            "upgrade_mode": "Rolling",
            "user_data": "",
            "vtpm_enabled": false,
            "zone_balance": false,
            "zones": [
              "1",
              "2"
            ]
          },
          "sensitive_attributes": [
            [
              {
                "type": "get_attr",
                "value": "admin_password"
              }
            ],
            [
              {
                "type": "get_attr",
                "value": "custom_data"
              }
            ],
            [
              {
                "type": "get_attr",
                "value": "extension"
              }
            ]
          ],
          "identity_schema_version": 0,
          "private": "eyJlMmJmYjczMC1lY2FhLTExZTYtOGY4OC0zNDM2M2JjN2M0YzAiOnsiY3JlYXRlIjozNjAwMDAwMDAwMDAwLCJkZWxldGUiOjM2MDAwMDAwMDAwMDAsInJlYWQiOjMwMDAwMDAwMDAwMCwidXBkYXRlIjozNjAwMDAwMDAwMDAwfX0=",
          "dependencies": [
            "azurerm_resource_group.rg",
            "module.identity.azurerm_user_assigned_identity.appgw_identity",
            "module.identity.azurerm_user_assigned_identity.vmss_identity",
            "module.network_central.azurerm_application_gateway.appgw",
            "module.network_central.azurerm_lb.vmss_lb",
            "module.network_central.azurerm_lb.was_lb",
            "module.network_central.azurerm_lb_backend_address_pool.bpepool",
            "module.network_central.azurerm_lb_nat_pool.ssh_nat_pool",
            "module.network_central.azurerm_lb_probe.vmss_probe",
            "module.network_central.azurerm_public_ip.appgw_pip",
            "module.network_central.azurerm_public_ip.lb_pip",
            "module.network_central.azurerm_role_assignment.tf_runner_kv_secret_user",
            "module.network_central.azurerm_subnet.subnets",
            "module.network_central.azurerm_virtual_network.vnet",
            "module.network_central.data.azurerm_client_config.current",
            "module.network_central.data.azurerm_key_vault.appgw_kv",
            "module.network_central.data.azurerm_key_vault_secret.ssl_cert_secret",
            "module.security.azurerm_application_insights.app_insights",
            "module.security.azurerm_key_vault.kv",
            "module.security.azurerm_log_analytics_workspace.law",
            "module.security.data.azurerm_client_config.current",
            "module.security.data.http.my_ip",
            "module.security.random_id.kv"
          ]
        }
      ]
    },
    {
      "module": "module.compute",
      "mode": "managed",
      "type": "azurerm_linux_virtual_machine_scale_set",
      "name": "was_vmss",
      "provider": "provider[\"registry.terraform.io/hashicorp/azurerm\"]",
      "instances": [
        {
          "schema_version": 0,
          "attributes": {
            "additional_capabilities": [],
            "admin_password": "It12345!",
            "admin_ssh_key": [
              {
                "public_key": "ssh-rsa AAAAB3NzaC1yc2EAAAADAQABAAACAQC/TlpVUiv5Z/P3mboBl0O/9rKioqT71tOasgqglsOzUNpH4VFl9OlPIWhk3+pKWvzNU+mMZSdsgRPwM1kGqYl3Nx2fnP5D/a/5sNlHgOZajuKgoxvWUmvU8Qd5MBUt0YHWGQCipsZnOeMjTquv/tA0t3zm6CDoMm/QmnHqEQXFeSExvGQ3RKZ5tz1Yy9FKNaAki+TpVbUWTJA95EDOOiPRLFcyv7A1hRxdtrZ/+EJxGnwx6mmx367Wor3oiYK/J1Ju3zX+8ucstTFua/Ka2CCxCOLHzpkRtF1EOHS+eghVh4aNR9V6RVevzQf44HR8FSD/3JppBmymXpnBC93lpab/UtSzG+pvu0NOI7suGUlMZ/M9eT4RhGvMVWyEMhbeUhiKqZd/LbnQ9RjNsp0f5oPVbzUjg4YSymXOs48uQqYhSnvjb3Y6/8dKze1baTIFl8IDfUmTFaLuXeEzv0XxJTEEsXmB3O17bJXHKYhEfSMYb5BoZBmNt3UVeC1N7qfImnbHBFD2PonhsB21Uwn/s8KYuRNEmirJR031TBevTal2BWJzJmH8dOZZF2x0DPYwhr9YyOwT+YRv9VxR/oGXQcoTq4EkzUx53xJqVT64m5XJ+8cMMzXs4PmN0RyydjDsPuWe1pjZ5eYscc492U2n4yNaiH2vOmNMbn5X9dyc4KHb6Q== school\r\n",
                "username": "www"
              },
              {
                "public_key": "ssh-rsa AAAAB3NzaC1yc2EAAAADAQABAAACAQDEQ9S4RS2JUOKiaCaBw4oPlYbCOscuYsk9Zm0h07tIvqzGFwsQcMCYCGUYMyUoWxZU3V8WoxOruBhdn6RJMj+H7E2OAI3pfCqC1H0VflC00fO8K1dkQIqfbfrUgdwZRZbfXg6a2iuD2TTwUjeXw0lwqqK8QvMplbROGZSLf+erIC2aHN60ekHJLXSP3492Vy6RHj07bJiupG8ylsAvV3nKhkR58zrhOvNiOUSvwtOSyvlrnnpj0Zo31defuY5mVrAMfw90sWzt9h5iItFGbQVTagmd2/derktwToxQY0nZEkPPvX3Km4qq3/OdIWhtR940eaePPHmSdgfQ+tt4vA+uRNaIGbCEwmQsMDa7GzsiHDk5EAtrOm6oqT2y590poIVRlkHB4FiPx4zJS/OnTsW1z3P53Tged7gd21bWkFmAjLzTfLGlMKGeF8rxcWDdOkqC4BViA296kBYJ1QE9vpWOq2taam6usTqiD2asc7Ie7/iR28Vw6cVZ2lxU3dh7zJ6IxPl6l7OxLNwUGWIy6L8cGua2OvFtddJL290DDNAXRCGbkg7XRCBl+QwJfkAOdocNCzFtMekw9nQ384mRFajjaE3kMH4rd7C3ty4cLk/9ZLaA7QhUJ0dpTYFSlpn5/V+82/ROU3GkoRgm8qUeO2/mx5SrLQFdtVMdpfdcLj4zFw== home\r\n",
                "username": "www"
              }
            ],
            "admin_username": "www",
            "automatic_instance_repair": [
              {
                "action": "",
                "enabled": true,
                "grace_period": "PT30M"
              }
            ],
            "automatic_os_upgrade_policy": [
              {
                "disable_automatic_rollback": false,
                "enable_automatic_os_upgrade": false
              }
            ],
            "boot_diagnostics": [],
            "capacity_reservation_group_id": "",
            "computer_name_prefix": "was-vmss",
            "custom_data": null,
            "data_disk": [],
            "disable_password_authentication": false,
            "do_not_run_extensions_on_overprovisioned_machines": false,
            "edge_zone": "",
            "encryption_at_host_enabled": false,
            "eviction_policy": "",
            "extension": [
              {
                "auto_upgrade_minor_version": true,
                "automatic_upgrade_enabled": false,
                "force_update_tag": "",
                "name": "AzureMonitorLinuxAgent",
                "protected_settings": "",
                "protected_settings_from_key_vault": [],
                "provision_after_extensions": [],
                "publisher": "Microsoft.Azure.Monitor",
                "settings": "",
                "type": "AzureMonitorLinuxAgent",
                "type_handler_version": "1.2"
              },
              {
                "auto_upgrade_minor_version": true,
                "automatic_upgrade_enabled": false,
                "force_update_tag": "",
                "name": "WASInitScript",
                "protected_settings": "{\"script\":\"IyEvYmluL2Jhc2gKIyBXQVMgVk1TUyBJbml0aWFsaXphdGlvbiBTY3JpcHQKIyBUZXJyYWZvcm0gVmFyaWFibGVzOiB3d3ctbXlzcWwtc2VydmVyLTMyajIubXlzcWwuZGF0YWJhc2UuYXp1cmUuY29tLCB3d3ctbXlzcWwtcmVwbGljYS0yLXFzLm15c3FsLmRhdGFiYXNlLmF6dXJlLmNvbSwgd3d3LCBJdDEyMzQ1ISwgd3d3X3NxbCwgd3d3LXJlZGlzLWNhY2hlLXBpNHIucmVkaXMuY2FjaGUud2luZG93cy5uZXQsIG9OUTJtNmRCVEhRdWNGM3VTSDl2bWkwRHVjU2dEOG9LMkF6Q2FPSDZITkE9LCA4NTAyMDJhMy0xZWNhLTRlMWUtOGNmMy05NTk2MmU4NGEzMTMsIDE5Mi4xNjguNi40CgpzZXQgLWUKCmV4ZWMgPiA+KHRlZSAtYSAiL3Zhci9sb2cvd2FzX2luaXQubG9nIikgMj4mMQoKbG9nKCkgewogICAgZWNobyAiWyQoZGF0ZSAnKyVZLSVtLSVkICVIOiVNOiVTJyldICQxIgp9CgplcnJvcl9oYW5kbGVyKCkgewogICAgbG9nICJFUlJPUjogQ29tbWFuZCAnJDInIGZhaWxlZCBvbiBsaW5lICQxIgogICAgZXhpdCAxCn0KCnRyYXAgJ2Vycm9yX2hhbmRsZXIgJExJTkVOTyAiJEJBU0hfQ09NTUFORCInIEVSUgoKbG9nICJTdGFydGluZyBXQVMgSW5pdGlhbGl6YXRpb24iCgplY2hvICI4NTAyMDJhMy0xZWNhLTRlMWUtOGNmMy05NTk2MmU4NGEzMTMiID4gL2V0Yy9sdXBhbmdfYXBwX2luc2lnaHRzX2tleQpjaG1vZCA2MDAgL2V0Yy9sdXBhbmdfYXBwX2luc2lnaHRzX2tleQoKc2V0ZW5mb3JjZSAwIHx8IHRydWUKc2VkIC1pICdzL1NFTElOVVg9ZW5mb3JjaW5nL1NFTElOVVg9ZGlzYWJsZWQvZycgL2V0Yy9zZWxpbnV4L2NvbmZpZyB8fCB0cnVlCgpzeXN0ZW1jdGwgZW5hYmxlIGZpcmV3YWxsZCB8fCB0cnVlCnN5c3RlbWN0bCBzdGFydCBmaXJld2FsbGQgfHwgdHJ1ZQpmaXJld2FsbC1jbWQgLS16b25lPXB1YmxpYyAtLWFkZC1zZXJ2aWNlPWh0dHAgLS1wZXJtYW5lbnQgfHwgdHJ1ZQpmaXJld2FsbC1jbWQgLS16b25lPXB1YmxpYyAtLWFkZC1zZXJ2aWNlPXNzaCAtLXBlcm1hbmVudCB8fCB0cnVlCmZpcmV3YWxsLWNtZCAtLXJlbG9hZCB8fCB0cnVlCgpsb2cgIkluc3RhbGxpbmcgcGFja2FnZXMuLi4iCgppbnN0YWxsX3dpdGhfcmV0cnkoKSB7CiAgICBsb2NhbCBjbWQ9IiQxIgogICAgbG9jYWwgbWF4X2F0dGVtcHRzPTEwCiAgICBsb2NhbCBhdHRlbXB0PTEKICAgIHdoaWxlIFsgJGF0dGVtcHQgLWxlICRtYXhfYXR0ZW1wdHMgXTsgZG8KICAgICAgICBsb2cgIkF0dGVtcHQgJGF0dGVtcHQvJG1heF9hdHRlbXB0czogJGNtZCIKICAgICAgICBpZiBldmFsICIkY21kIjsgdGhlbgogICAgICAgICAgICBsb2cgIlNVQ0NFU1M6ICRjbWQiCiAgICAgICAgICAgIHJldHVybiAwCiAgICAgICAgZmkKICAgICAgICBsb2cgIkF0dGVtcHQgJGF0dGVtcHQgZmFpbGVkLCByZXRyeWluZyBpbiAxNSBzZWNvbmRzLi4uIgogICAgICAgIHNsZWVwIDE1CiAgICAgICAgYXR0ZW1wdD0kKChhdHRlbXB0ICsgMSkpCiAgICBkb25lCiAgICBsb2cgIkVSUk9SOiBBbGwgYXR0ZW1wdHMgZmFpbGVkIGZvcjogJGNtZCIKICAgIHJldHVybiAxCn0KCmluc3RhbGxfd2l0aF9yZXRyeSAiZG5mIGluc3RhbGwgLXkgZXBlbC1yZWxlYXNlIgoKIyBVc2UgUm9ja3kgTGludXggZGVmYXVsdCBBcHBTdHJlYW0gUEhQIChSZW1pIHJlcG8gYmxvY2tlZCBieSBDRE4pCmxvZyAiRW5hYmxpbmcgUEhQIG1vZHVsZSBmcm9tIEFwcFN0cmVhbS4uLiIKZG5mIG1vZHVsZSByZXNldCAteSBwaHAgfHwgdHJ1ZQpkbmYgbW9kdWxlIGVuYWJsZSAteSBwaHA6OC4xIHx8IHRydWUKCmxvZyAiSW5zdGFsbGluZyBwYWNrYWdlcy4uLiIKaW5zdGFsbF93aXRoX3JldHJ5ICJkbmYgaW5zdGFsbCAteSBodHRwZCBwaHAgcGhwLW15c3FsbmQgcGhwLWdkIHBocC1qc29uIHBocC1tYnN0cmluZyBteXNxbCBnaXQgc3NocGFzcyIKCiMgcGhwLXBlY2wtcmVkaXMgaXMgbm90IGluIEFwcFN0cmVhbSwgaW5zdGFsbCBmcm9tIEVQRUwgaWYgYXZhaWxhYmxlCmRuZiBpbnN0YWxsIC15IHBocC1wZWNsLXJlZGlzIDI+L2Rldi9udWxsIHx8IGxvZyAiV0FSTklORzogcGhwLXBlY2wtcmVkaXMgbm90IGF2YWlsYWJsZSwgc2tpcHBpbmciCgpzeXN0ZW1jdGwgZW5hYmxlIC0tbm93IGh0dHBkCgpsb2cgIkluc3RhbGxpbmcgYW5kIGNvbmZpZ3VyaW5nIGF1ZGl0ZCBmb3IgaG9zdCBiZWhhdmlvciBtb25pdG9yaW5nLi4uIgppbnN0YWxsX3dpdGhfcmV0cnkgImRuZiBpbnN0YWxsIC15IGF1ZGl0IGF1ZGl0LWxpYnMiCgojIENvbmZpZ3VyZSBmaWxlIGludGVncml0eSBtb25pdG9yaW5nIHJ1bGVzCmxvZyAiQ29uZmlndXJpbmcgZmlsZSBpbnRlZ3JpdHkgbW9uaXRvcmluZy4uLiIKYXVkaXRjdGwgLXcgL2V0Yy9wYXNzd2QgLXAgd2EgLWsgcGFzc3dkX2NoYW5nZXMgfHwgdHJ1ZQphdWRpdGN0bCAtdyAvZXRjL3NoYWRvdyAtcCB3YSAtayBzaGFkb3dfY2hhbmdlcyB8fCB0cnVlCmF1ZGl0Y3RsIC13IC9ldGMvc3Vkb2VycyAtcCB3YSAtayBzdWRvZXJzX2NoYW5nZXMgfHwgdHJ1ZQphdWRpdGN0bCAtdyAvdmFyL2xvZyAtcCB3YSAtayBsb2dfdGFtcGVyaW5nIHx8IHRydWUKYXVkaXRjdGwgLXcgL3Zhci93d3cvaHRtbCAtcCB3YSAtayB3ZWJhcHBfdGFtcGVyaW5nIHx8IHRydWUKCiMgQ29uZmlndXJlIHByb2Nlc3MgZXhlY3V0aW9uIG1vbml0b3JpbmcKbG9nICJDb25maWd1cmluZyBzdXNwaWNpb3VzIHByb2Nlc3MgbW9uaXRvcmluZy4uLiIKYXVkaXRjdGwgLWEgYWx3YXlzLGV4aXQgLUYgYXJjaD1iNjQgLVMgZXhlY3ZlIC1rIHByb2Nlc3NfZXhlY3V0aW9uIHx8IHRydWUKCiMgQ29uZmlndXJlIG5ldHdvcmsgY29ubmVjdGlvbiBtb25pdG9yaW5nCmxvZyAiQ29uZmlndXJpbmcgbmV0d29yayBjb25uZWN0aW9uIG1vbml0b3JpbmcuLi4iCmF1ZGl0Y3RsIC1hIGFsd2F5cyxleGl0IC1GIGFyY2g9YjY0IC1TIGNvbm5lY3QgLWsgbmV0d29ya19jb25uZWN0IHx8IHRydWUKCiMgUGVyc2lzdCBhdWRpdCBydWxlcwpsb2cgIlBlcnNpc3RpbmcgYXVkaXQgcnVsZXMuLi4iCmNhdCA8PCdBVURJVFJVTEVTJyA+IC9ldGMvYXVkaXQvcnVsZXMuZC9sdXBhbmctc2VjdXJpdHkucnVsZXMKIyBGaWxlIEludGVncml0eSBNb25pdG9yaW5nCi13IC9ldGMvcGFzc3dkIC1wIHdhIC1rIHBhc3N3ZF9jaGFuZ2VzCi13IC9ldGMvc2hhZG93IC1wIHdhIC1rIHNoYWRvd19jaGFuZ2VzCi13IC9ldGMvc3Vkb2VycyAtcCB3YSAtayBzdWRvZXJzX2NoYW5nZXMKLXcgL3Zhci9sb2cgLXAgd2EgLWsgbG9nX3RhbXBlcmluZwotdyAvdmFyL3d3dy9odG1sIC1wIHdhIC1rIHdlYmFwcF90YW1wZXJpbmcKCiMgUHJvY2VzcyBFeGVjdXRpb24gTW9uaXRvcmluZwotYSBhbHdheXMsZXhpdCAtRiBhcmNoPWI2NCAtUyBleGVjdmUgLWsgcHJvY2Vzc19leGVjdXRpb24KCiMgTmV0d29yayBDb25uZWN0aW9uIE1vbml0b3JpbmcKLWEgYWx3YXlzLGV4aXQgLUYgYXJjaD1iNjQgLVMgY29ubmVjdCAtayBuZXR3b3JrX2Nvbm5lY3QKQVVESVRSVUxFUwoKc3lzdGVtY3RsIGVuYWJsZSBhdWRpdGQgfHwgdHJ1ZQpzeXN0ZW1jdGwgcmVzdGFydCBhdWRpdGQgfHwgdHJ1ZQpzeXN0ZW1jdGwgcmVzdGFydCByc3lzbG9nIHx8IHRydWUKCmxvZyAiQXVkaXRkIGNvbmZpZ3VyYXRpb24gY29tcGxldGUuIEhvc3QgYmVoYXZpb3IgZGV0ZWN0aW9uIGVuYWJsZWQuIgoKCmxvZyAiVXBkYXRpbmcgT3BlblNTSC4uLiIKZG5mIHVwZGF0ZSAteSBvcGVuc3NoLXNlcnZlciBvcGVuc3NoLWNsaWVudHMgfHwgdHJ1ZQpzeXN0ZW1jdGwgcmVzdGFydCBzc2hkIHx8IHRydWUKCmxvZyAiRG93bmxvYWRpbmcgQXp1cmUgTXlTUUwgU1NMIENlcnQgKERpZ2lDZXJ0IEdsb2JhbCBSb290IEcyKS4uLiIKY3VybCAtTCAtbyAvdmFyL3d3dy9odG1sL0RpZ2lDZXJ0R2xvYmFsUm9vdEcyLmNydC5wZW0gaHR0cHM6Ly9jYWNlcnRzLmRpZ2ljZXJ0LmNvbS9EaWdpQ2VydEdsb2JhbFJvb3RHMi5jcnQucGVtIHx8IGxvZyAiV0FSTklORzogRmFpbGVkIHRvIGRvd25sb2FkIFNTTCBjZXJ0LCBEQiBjb25uZWN0aW9uIHVzaW5nIFNTTCBtYXkgZmFpbCIKCiMgTk9URTogUmVkaXMgc2Vzc2lvbiBkaXNhYmxlZCBkdWUgdG8gUHJpdmF0ZSBFbmRwb2ludCBETlMgcmVzb2x1dGlvbiBpc3N1ZXMKIyBUbyBlbmFibGUgUmVkaXMgc2Vzc2lvbnMsIGVuc3VyZSBSZWRpcyBQcml2YXRlIEROUyBab25lIGlzIHByb3Blcmx5IGxpbmtlZCB0byBWTmV0CiMgYW5kIHRoZSBGUUROIHJlc29sdmVzIHRvIHRoZSBQcml2YXRlIEVuZHBvaW50IElQIGZyb20gd2l0aGluIHRoZSBWTmV0Lgpsb2cgIkNvbmZpZ3VyaW5nIFBIUCBzZXNzaW9ucyAoZmlsZS1iYXNlZCkuLi4iCiMgUmVkaXMgc2Vzc2lvbiBjb25maWd1cmF0aW9uIGRpc2FibGVkIC0gdXNpbmcgZmlsZSBzZXNzaW9ucyBpbnN0ZWFkCiMgc2VkIC1pICdzL3Nlc3Npb24uc2F2ZV9oYW5kbGVyID0gZmlsZXMvc2Vzc2lvbi5zYXZlX2hhbmRsZXIgPSByZWRpcy9nJyAvZXRjL3BocC5pbmkKIyBjYXQgPDxFT0YgPiAvZXRjL3BocC5kLzUwLXJlZGlzLmluaQojIGV4dGVuc2lvbj1yZWRpcy5zbwojIHNlc3Npb24uc2F2ZV9wYXRoID0gInRjcDovL3d3dy1yZWRpcy1jYWNoZS1waTRyLnJlZGlzLmNhY2hlLndpbmRvd3MubmV0OjYzODA/YXV0aD1vTlEybTZkQlRIUXVjRjN1U0g5dm1pMER1Y1NnRDhvSzJBekNhT0g2SE5BPSZ0aW1lb3V0PTIiCiMgRU9GCnNlZCAtaSAncy9leHBvc2VfcGhwID0gT24vZXhwb3NlX3BocCA9IE9mZi9nJyAvZXRjL3BocC5pbmkKCm1rZGlyIC1wIC92YXIvd3d3L2h0bWwvdXBsb2FkcwpjaG1vZCAtUiA3NTUgL3Zhci93d3cvaHRtbApjaG1vZCA3NzcgL3Zhci93d3cvaHRtbC91cGxvYWRzCnRvdWNoIC92YXIvbG9nL2x1cGFuZ19hcHAuanNvbgpjaG1vZCA2NjYgL3Zhci9sb2cvbHVwYW5nX2FwcC5qc29uCgpjYXQgPDxFT0YgPiAvdmFyL3d3dy9odG1sL2hlYWx0aC5waHAKPD9waHAKaW5jbHVkZV9vbmNlICdkYl9jb25maWcucGhwJzsKdHJ5IHsKICAgIFwkY29ubiA9IGdldERiQ29ubmVjdGlvbigncmVhZCcpOwogICAgZWNobyAiV0FTLU9LIjsKICAgIGh0dHBfcmVzcG9uc2VfY29kZSgyMDApOwp9IGNhdGNoIChFeGNlcHRpb24gXCRlKSB7CiAgICBodHRwX3Jlc3BvbnNlX2NvZGUoNTAwKTsKICAgIGVjaG8gIkRCIEVycm9yOiAiIC4gXCRlLT5nZXRNZXNzYWdlKCk7Cn0KPz4KRU9GCgpjYXQgPDxFT0YgPiAvdmFyL3d3dy9odG1sL2RiX2NvbmZpZy5waHAKPD9waHAKXCRkYl9ob3N0X3dyID0gInd3dy1teXNxbC1zZXJ2ZXItMzJqMi5teXNxbC5kYXRhYmFzZS5henVyZS5jb20iOwpcJGRiX2hvc3Rfcm8gPSAid3d3LW15c3FsLXJlcGxpY2EtMi1xcy5teXNxbC5kYXRhYmFzZS5henVyZS5jb20iOwpcJGRiX3VzZXIgICAgPSAid3d3IjsKXCRkYl9wYXNzICAgID0gIkl0MTIzNDUhIjsKXCRkYl9uYW1lICAgID0gInd3d19zcWwiOwoKZnVuY3Rpb24gZ2V0RGJDb25uZWN0aW9uKFwkdHlwZSA9ICdyZWFkJykgewogICAgZ2xvYmFsIFwkZGJfaG9zdF93ciwgXCRkYl9ob3N0X3JvLCBcJGRiX3VzZXIsIFwkZGJfcGFzcywgXCRkYl9uYW1lOwogICAgXCRob3N0ID0gKFwkdHlwZSA9PT0gJ3dyaXRlJykgPyBcJGRiX2hvc3Rfd3IgOiBcJGRiX2hvc3Rfcm87CiAgICAKICAgIGlmIChlbXB0eShcJGRiX2hvc3Rfcm8pKSBcJGhvc3QgPSBcJGRiX2hvc3Rfd3I7CgogICAgXCRjb25uID0gbXlzcWxpX2luaXQoKTsKICAgIG15c3FsaV9zc2xfc2V0KFwkY29ubiwgTlVMTCwgTlVMTCwgIi92YXIvd3d3L2h0bWwvRGlnaUNlcnRHbG9iYWxSb290RzIuY3J0LnBlbSIsIE5VTEwsIE5VTEwpOwoKICAgIGlmICghbXlzcWxpX3JlYWxfY29ubmVjdChcJGNvbm4sIFwkaG9zdCwgXCRkYl91c2VyLCBcJGRiX3Bhc3MsIFwkZGJfbmFtZSwgMzMwNiwgTlVMTCwgTVlTUUxJX0NMSUVOVF9TU0wpKSB7CiAgICAgICAgd3JpdGVMb2coJ0RCX0VSUk9SJywgJ0NSSVRJQ0FMJywgIkNvbm5lY3Rpb24gRmFpbGVkIiwgWydlcnJvcicgPT4gbXlzcWxpX2Nvbm5lY3RfZXJyb3IoKV0pOwogICAgICAgIGRpZSgiU2VydmljZSBFcnJvciIpOwogICAgfQogICAgcmV0dXJuIFwkY29ubjsKfQoKZnVuY3Rpb24gd3JpdGVMb2coXCRhY3Rpb24sIFwkbGV2ZWwsIFwkbXNnLCBcJGV4dHJhID0gW10pIHsKICAgIFwkaGVhZGVycyA9IGdldGFsbGhlYWRlcnMoKTsKICAgIFwkdHJhY2VfaWQgPSBcJGhlYWRlcnNbJ1gtUmVxdWVzdC1JZCddID8/ICduby10cmFjZS1pZCc7CiAgICBcJGxvZ0VudHJ5ID0gWwogICAgICAgICd0aW1lc3RhbXAnID0+IGRhdGUoJ2MnKSwKICAgICAgICAndHJhY2VfaWQnICA9PiBcJHRyYWNlX2lkLAogICAgICAgICdjbGllbnRfaXAnID0+IFwkX1NFUlZFUlsnUkVNT1RFX0FERFInXSA/PyAndW5rbm93bicsCiAgICAgICAgJ3VyaScgICAgICAgPT4gXCRfU0VSVkVSWydSRVFVRVNUX1VSSSddID8/ICd1bmtub3duJywKICAgICAgICAnYWN0aW9uJyAgICA9PiBcJGFjdGlvbiwKICAgICAgICAnbGV2ZWwnICAgICA9PiBcJGxldmVsLAogICAgICAgICdtZXNzYWdlJyAgID0+IFwkbXNnLAogICAgICAgICdkZXRhaWxzJyAgID0+IFwkZXh0cmEKICAgIF07CiAgICBmaWxlX3B1dF9jb250ZW50cygnL3Zhci9sb2cvbHVwYW5nX2FwcC5qc29uJywganNvbl9lbmNvZGUoXCRsb2dFbnRyeSkgLiAiXG4iLCBGSUxFX0FQUEVORCk7Cn0KPz4KRU9GCgpsb2cgIkNvbmZpZ3VyaW5nIE1haWwuLi4iCmNhdCA8PEVPRiA+IC92YXIvd3d3L2h0bWwvbWFpbF9jb25maWcucGhwCjw/cGhwCmRlZmluZSgnTUFJTF9IT1NUJywgJ21haWwuMDR3d3cuY2xvdWQnKTsKZGVmaW5lKCdNQUlMX1BPUlQnLCAyNSk7CmRlZmluZSgnTUFJTF9GUk9NJywgJ25vcmVwbHlAMDR3d3cuY2xvdWQnKTsKZGVmaW5lKCdNQUlMX0ZST01fTkFNRScsICdMVVBBTkcg6rOg6rCd7IS87YSwJyk7CgpmdW5jdGlvbiBzZW5kTWFpbChcJHRvLCBcJHN1YmplY3QsIFwkYm9keSwgXCRpc0h0bWwgPSB0cnVlKSB7CiAgICBcJGhlYWRlcnMgPSBbXTsKICAgIFwkaGVhZGVyc1tdID0gJ01JTUUtVmVyc2lvbjogMS4wJzsKICAgIFwkaGVhZGVyc1tdID0gXCRpc0h0bWwgPyAnQ29udGVudC10eXBlOiB0ZXh0L2h0bWw7IGNoYXJzZXQ9VVRGLTgnIDogJ0NvbnRlbnQtdHlwZTogdGV4dC9wbGFpbjsgY2hhcnNldD1VVEYtOCc7CiAgICBcJGhlYWRlcnNbXSA9ICdGcm9tOiAnIC4gTUFJTF9GUk9NX05BTUUgLiAnIDwnIC4gTUFJTF9GUk9NIC4gJz4nOwogICAgXCRoZWFkZXJzW10gPSAnUmVwbHktVG86IHN1cHBvcnRAMDR3d3cuY2xvdWQnOwogICAgXCRoZWFkZXJzW10gPSAnWC1NYWlsZXI6IExVUEFORy1XQVMvMS4wJzsKICAgIAogICAgXCRyZXN1bHQgPSBtYWlsKFwkdG8sIFwkc3ViamVjdCwgXCRib2R5LCBpbXBsb2RlKCJcXHJcXG4iLCBcJGhlYWRlcnMpKTsKICAgIAogICAgaWYgKGZ1bmN0aW9uX2V4aXN0cygnd3JpdGVMb2cnKSkgewogICAgICAgIGlmIChcJHJlc3VsdCkgewogICAgICAgICAgICB3cml0ZUxvZygnTUFJTF9TRU5UJywgJ0lORk8nLCAnRW1haWwgc2VudCBzdWNjZXNzZnVsbHknLCBbJ3RvJyA9PiBcJHRvLCAnc3ViamVjdCcgPT4gXCRzdWJqZWN0XSk7CiAgICAgICAgfSBlbHNlIHsKICAgICAgICAgICAgd3JpdGVMb2coJ01BSUxfRkFJTEVEJywgJ0VSUk9SJywgJ0VtYWlsIHNlbmQgZmFpbGVkJywgWyd0bycgPT4gXCR0bywgJ3N1YmplY3QnID0+IFwkc3ViamVjdF0pOwogICAgICAgIH0KICAgIH0KICAgIAogICAgcmV0dXJuIFwkcmVzdWx0Owp9Cj8+CkVPRgoKbG9nICJXYWl0aW5nIGZvciBEQiBjb25uZWN0aW9uLi4uIgpEQl9DT05ORUNUX0hPU1Q9Ind3dy1teXNxbC1zZXJ2ZXItMzJqMi5teXNxbC5kYXRhYmFzZS5henVyZS5jb20iCkRCX0NPTk5FQ1RfVVNFUj0id3d3IgpEQl9DT05ORUNUX1BBU1M9Ikl0MTIzNDUhIgpEQl9NQVhfUkVUUlk9MzAKREJfUkVUUllfQ09VTlQ9MAp3aGlsZSAhIG15c3FsIC1oICIkREJfQ09OTkVDVF9IT1NUIiAtdSAiJERCX0NPTk5FQ1RfVVNFUiIgLXAiJERCX0NPTk5FQ1RfUEFTUyIgLS1zc2wtY2E9L3Zhci93d3cvaHRtbC9EaWdpQ2VydEdsb2JhbFJvb3RHMi5jcnQucGVtIC1lICJTRUxFQ1QgMSIgJj4vZGV2L251bGw7IGRvCiAgICBpZiBbICREQl9SRVRSWV9DT1VOVCAtZXEgMzAgXTsgdGhlbgogICAgICAgIGxvZyAiV0FSTklORzogQ291bGQgbm90IGNvbm5lY3QgdG8gTXlTUUwgYWZ0ZXIgMzAgYXR0ZW1wdHMuIENvbnRpbnVpbmcgd2l0aG91dCBEQiBjb25uZWN0aW9uLi4uIgogICAgICAgIGJyZWFrCiAgICBmaQogICAgbG9nICJXYWl0aW5nIGZvciBEQiAoJERCX0NPTk5FQ1RfSE9TVCkuLi4iCiAgICBzbGVlcCAyCiAgICAoKERCX1JFVFJZX0NPVU5UKyspKSB8fCB0cnVlCmRvbmUKbG9nICJEQiBjb25uZWN0aW9uIHN1Y2Nlc3NmdWwhIgoKbG9nICJTZWVkaW5nIERhdGFiYXNlLi4uIgpjYXQgPDxFT1NRTCA+IC90bXAvaW5pdF9kYi5zcWwKVVNFIHd3d19zcWw7CgpDUkVBVEUgVEFCTEUgSUYgTk9UIEVYSVNUUyB1c2VycyAoCiAgICBpZCBJTlQgUFJJTUFSWSBLRVkgQVVUT19JTkNSRU1FTlQsCiAgICB1c2VybmFtZSBWQVJDSEFSKDUwKSBVTklRVUUgTk9UIE5VTEwsCiAgICBwYXNzd29yZCBWQVJDSEFSKDI1NSkgTk9UIE5VTEwsCiAgICByZWFsX25hbWUgVkFSQ0hBUigxMDApLAogICAgcGhvbmUgVkFSQ0hBUigyMCksCiAgICBhZGRyZXNzIFRFWFQsCiAgICByb2xlIEVOVU0oJ3VzZXInLCAnYWRtaW4nKSBERUZBVUxUICd1c2VyJywKICAgIGNyZWF0ZWRfYXQgVElNRVNUQU1QIERFRkFVTFQgQ1VSUkVOVF9USU1FU1RBTVAKKTsKCkNSRUFURSBUQUJMRSBJRiBOT1QgRVhJU1RTIHByb2R1Y3RzICgKICAgIGlkIElOVCBQUklNQVJZIEtFWSBBVVRPX0lOQ1JFTUVOVCwKICAgIGNhdGVnb3J5IFZBUkNIQVIoNTApIERFRkFVTFQgJ0dlbmVyYWwnLAogICAgbmFtZSBWQVJDSEFSKDIwMCkgTk9UIE5VTEwsCiAgICBkZXNjcmlwdGlvbiBURVhULAogICAgcHJpY2UgSU5UIE5PVCBOVUxMLAogICAgc3RvY2sgSU5UIERFRkFVTFQgMTAwLAogICAgaW1hZ2VfdXJsIFRFWFQsCiAgICBjcmVhdGVkX2F0IFRJTUVTVEFNUCBERUZBVUxUIENVUlJFTlRfVElNRVNUQU1QCik7CgpDUkVBVEUgVEFCTEUgSUYgTk9UIEVYSVNUUyBjYXJ0ICgKICAgIGlkIElOVCBQUklNQVJZIEtFWSBBVVRPX0lOQ1JFTUVOVCwKICAgIHVzZXJfaWQgSU5UIE5PVCBOVUxMLAogICAgcHJvZHVjdF9pZCBJTlQgTk9UIE5VTEwsCiAgICBxdWFudGl0eSBJTlQgREVGQVVMVCAxLAogICAgY3JlYXRlZF9hdCBUSU1FU1RBTVAgREVGQVVMVCBDVVJSRU5UX1RJTUVTVEFNUCwKICAgIEZPUkVJR04gS0VZICh1c2VyX2lkKSBSRUZFUkVOQ0VTIHVzZXJzKGlkKSwKICAgIEZPUkVJR04gS0VZIChwcm9kdWN0X2lkKSBSRUZFUkVOQ0VTIHByb2R1Y3RzKGlkKSwKICAgIFVOSVFVRSBLRVkgdXNlcl9wcm9kdWN0ICh1c2VyX2lkLCBwcm9kdWN0X2lkKQopOwoKQ1JFQVRFIFRBQkxFIElGIE5PVCBFWElTVFMgb3JkZXJzICgKICAgIGlkIElOVCBQUklNQVJZIEtFWSBBVVRPX0lOQ1JFTUVOVCwKICAgIHVzZXJfaWQgSU5UIE5PVCBOVUxMLAogICAgdG90YWxfYW1vdW50IElOVCBOT1QgTlVMTCwKICAgIHN0YXR1cyBWQVJDSEFSKDUwKSBERUZBVUxUICdwYWlkJywKICAgIGNyZWF0ZWRfYXQgVElNRVNUQU1QIERFRkFVTFQgQ1VSUkVOVF9USU1FU1RBTVAsCiAgICBGT1JFSUdOIEtFWSAodXNlcl9pZCkgUkVGRVJFTkNFUyB1c2VycyhpZCkKKTsKCkNSRUFURSBUQUJMRSBJRiBOT1QgRVhJU1RTIG9yZGVyX2l0ZW1zICgKICAgIGlkIElOVCBQUklNQVJZIEtFWSBBVVRPX0lOQ1JFTUVOVCwKICAgIG9yZGVyX2lkIElOVCBOT1QgTlVMTCwKICAgIHByb2R1Y3RfaWQgSU5UIE5PVCBOVUxMLAogICAgcXVhbnRpdHkgSU5UIE5PVCBOVUxMLAogICAgcHJpY2UgSU5UIE5PVCBOVUxMLAogICAgRk9SRUlHTiBLRVkgKG9yZGVyX2lkKSBSRUZFUkVOQ0VTIG9yZGVycyhpZCksCiAgICBGT1JFSUdOIEtFWSAocHJvZHVjdF9pZCkgUkVGRVJFTkNFUyBwcm9kdWN0cyhpZCkKKTsKCkNSRUFURSBUQUJMRSBJRiBOT1QgRVhJU1RTIGJvYXJkICgKICAgIGlkIElOVCBQUklNQVJZIEtFWSBBVVRPX0lOQ1JFTUVOVCwKICAgIHVzZXJfaWQgSU5UIE5PVCBOVUxMLAogICAgdGl0bGUgVkFSQ0hBUigyMDApIE5PVCBOVUxMLAogICAgY29udGVudCBURVhUIE5PVCBOVUxMLAogICAgY3JlYXRlZF9hdCBUSU1FU1RBTVAgREVGQVVMVCBDVVJSRU5UX1RJTUVTVEFNUCwKICAgIEZPUkVJR04gS0VZICh1c2VyX2lkKSBSRUZFUkVOQ0VTIHVzZXJzKGlkKQopOwoKQ1JFQVRFIFRBQkxFIElGIE5PVCBFWElTVFMgcmV2aWV3cyAoCiAgICBpZCBJTlQgUFJJTUFSWSBLRVkgQVVUT19JTkNSRU1FTlQsCiAgICBwcm9kdWN0X2lkIElOVCBOT1QgTlVMTCwKICAgIHVzZXJfaWQgSU5UIE5PVCBOVUxMLAogICAgcmF0aW5nIElOVCBOT1QgTlVMTCwKICAgIGNvbnRlbnQgVEVYVCBOT1QgTlVMTCwKICAgIGNyZWF0ZWRfYXQgVElNRVNUQU1QIERFRkFVTFQgQ1VSUkVOVF9USU1FU1RBTVAsCiAgICBGT1JFSUdOIEtFWSAocHJvZHVjdF9pZCkgUkVGRVJFTkNFUyBwcm9kdWN0cyhpZCksCiAgICBGT1JFSUdOIEtFWSAodXNlcl9pZCkgUkVGRVJFTkNFUyB1c2VycyhpZCkKKTsKCkNSRUFURSBUQUJMRSBJRiBOT1QgRVhJU1RTIHdpc2hsaXN0ICgKICAgIGlkIElOVCBQUklNQVJZIEtFWSBBVVRPX0lOQ1JFTUVOVCwKICAgIHVzZXJfaWQgSU5UIE5PVCBOVUxMLAogICAgcHJvZHVjdF9pZCBJTlQgTk9UIE5VTEwsCiAgICBjcmVhdGVkX2F0IFRJTUVTVEFNUCBERUZBVUxUIENVUlJFTlRfVElNRVNUQU1QLAogICAgRk9SRUlHTiBLRVkgKHVzZXJfaWQpIFJFRkVSRU5DRVMgdXNlcnMoaWQpLAogICAgRk9SRUlHTiBLRVkgKHByb2R1Y3RfaWQpIFJFRkVSRU5DRVMgcHJvZHVjdHMoaWQpLAogICAgVU5JUVVFIEtFWSB1c2VyX3Byb2R1Y3QgKHVzZXJfaWQsIHByb2R1Y3RfaWQpCik7CgotLSBSZXNldCBQcm9kdWN0cyAoRksgYnlwYXNzIGZvciBpZGVtcG90ZW5jeSkKU0VUIEZPUkVJR05fS0VZX0NIRUNLUz0wOwpUUlVOQ0FURSBUQUJMRSBwcm9kdWN0czsKQUxURVIgVEFCTEUgcHJvZHVjdHMgQVVUT19JTkNSRU1FTlQgPSAxOwoKSU5TRVJUIElOVE8gcHJvZHVjdHMgKGNhdGVnb3J5LCBuYW1lLCBkZXNjcmlwdGlvbiwgcHJpY2UsIHN0b2NrLCBpbWFnZV91cmwpIFZBTFVFUwooJ0VsZWN0cm9uaWNzJywgJ+2UhOumrOuvuOyXhCDtgazrpqzsiqTrp4jsiqQg7Yq466asIOyEuO2KuCcsICcyLjFtIOuMgO2YlSDtirjrpqzsmYAg7Jik64SI66i87Yq4IDIwMOqwnCDtj6ztlaguIOy1nOqzoOq4iSBQVkMg7J6s7KeILicsIDE4OTAwMCwgNTAsICdodHRwczovL2ltYWdlcy51bnNwbGFzaC5jb20vcGhvdG8tMTU3NjkxOTIyODIzNi1hMDk3YzMyYTVjZDQ/dz00MDAnKSwKKCdFbGVjdHJvbmljcycsICc0SyDsiqTrp4jtirggVFYgNjXsnbjsuZgnLCAnTEcgT0xFRCDtjKjrhJAsIEhEUjEwKywg7Iqk66eI7Yq4IOq4sOuKpS4nLCAxNTkwMDAwLCAzMCwgJ2h0dHBzOi8vaW1hZ2VzLnVuc3BsYXNoLmNvbS9waG90by0xNTkzMzU5Njc3ODc5LWE0YmI5MmY4MjlkMT93PTQwMCcpLAooJ0VsZWN0cm9uaWNzJywgJ+ustOyEoCDruJTro6jtiKzsiqQg7J207Ja07Y+wIFBybycsICfrhbjsnbTspogg7LqU7Iqs66eBKEFOQyksIDI07Iuc6rCEIOuwsO2EsOumrC4nLCAxNTkwMDAsIDIwMCwgJ2h0dHBzOi8vaW1hZ2VzLnVuc3BsYXNoLmNvbS9waG90by0xNTkwNjU4MjY4MDM3LTZiZjEyMTY1YThkZj93PTQwMCcpLAooJ0VsZWN0cm9uaWNzJywgJ+qyjOydtOuwjSDrhbjtirjrtoEgUlRYIDQwNzAnLCAnaTktMTM5MDBILCAzMkdCIFJBTSwgMVRCIFNTRC4nLCAyMzkwMDAwLCAxNSwgJ2h0dHBzOi8vaW1hZ2VzLnVuc3BsYXNoLmNvbS9waG90by0xNTI1NTQ3NzE5NTcxLWEyZDRhYzg5NDVlMj93PTQwMCcpLAooJ0VsZWN0cm9uaWNzJywgJ+q4sOqzhOyLnSDtgqTrs7Trk5wgKOyyrey2lSknLCAnUkdCIOuwseudvOydtO2KuCwg7LK066asIOyKpOychOy5mCwg7JWM66Oo66+464qEIOuwlOuUlC4nLCAxMjkwMDAsIDEwMCwgJ2h0dHBzOi8vaW1hZ2VzLnVuc3BsYXNoLmNvbS9waG90by0xNjE4Mzg0ODg3OTI5LTE2ZWMzM2ZhYjllZj93PTQwMCcpLAooJ0Zhc2hpb24nLCAn7LqQ7Iuc66+47Ja0IOuhsSDsvZTtirgnLCAnMTAwJSDsupDsi5zrr7jslrQsIOydtO2DiOumrOyVhCDsm5Dri6guJywgNDUwMDAwLCAyMCwgJ2h0dHBzOi8vaW1hZ2VzLnVuc3BsYXNoLmNvbS9waG90by0xNTM5NTMzMDE4NDQ3LTYzZmNjZTI2NzhlMz93PTQwMCcpLAooJ0Zhc2hpb24nLCAn7ZSE66as66+47JeEIOqwgOyjvSDsnpDsvJMnLCAn7LKc7JewIOyWkeqwgOyjvSwg7ZW465Oc66mU7J2065OcLicsIDMyMDAwMCwgMzAsICdodHRwczovL2ltYWdlcy51bnNwbGFzaC5jb20vcGhvdG8tMTU1MTAyODcxOS0wMDE2N2IxNmVhYzU/dz00MDAnKSwKKCdGYXNoaW9uJywgJ+2BtOuemOyLnSDsm4zsuZgnLCAn7Jik7Yag66ek7YuxIOustOu4jOuovO2KuCwg7IKs7YyM7J207Ja0IOq4gOuemOyKpC4nLCA1NjAwMDAsIDE1LCAnaHR0cHM6Ly9pbWFnZXMudW5zcGxhc2guY29tL3Bob3RvLTE1MjIzMTIzNDYzNzUtZDFhNTJlMmI5OWIzP3c9NDAwJyksCignRmFzaGlvbicsICfrn6zri53tmZQgVWx0cmEgQm9vc3QnLCAn7LWc6rOg7J2YIOy/oOyFlOuLnSwg6rK965+J7ZmUIOuUlOyekOyduC4nLCAxNDkwMDAsIDgwLCAnaHR0cHM6Ly9pbWFnZXMudW5zcGxhc2guY29tL3Bob3RvLTE1NDIyOTEwMjYtN2VlYzI2NGMyN2ZmP3c9NDAwJyksCignRmFzaGlvbicsICfrlJTsnpDsnbTrhIgg7ZW465Oc67CxJywgJ+yGoeyVhOyngCDqsIDso70sIOyLnOq3uOuLiOyymCDroZzqs6AuJywgODkwMDAwLCAxMCwgJ2h0dHBzOi8vaW1hZ2VzLnVuc3BsYXNoLmNvbS9waG90by0xNTQ4MDM2MzI4LWM5ZmE4OWQxMjhmYT93PTQwMCcpLAooJ0xpdmluZycsICc27J247JqpIOy6oO2VkSDthZDtirgnLCAn64K07IiY7JWVIDMwMDBtbSwg7J207KSRIOuwqey2qeunnS4nLCAzMjAwMDAsIDQwLCAnaHR0cHM6Ly9pbWFnZXMudW5zcGxhc2guY29tL3Bob3RvLTE0Nzg4Mjc1MzYxMTQtZGE5NjFiN2Y4NmQyP3c9NDAwJyksCignTGl2aW5nJywgJ+ustOyEoCDssq3shozquLAgVjE1JywgJzIyMEFXIO2doeyeheugpSwg66CI7J207KCAIOuUlO2Fje2KuC4nLCA4OTAwMDAsIDUwLCAnaHR0cHM6Ly9pbWFnZXMudW5zcGxhc2guY29tL3Bob3RvLTE1NTgzMTczNzQtMDY3ZmI1ZjMwMDAxP3c9NDAwJyksCignTGl2aW5nJywgJ+yXkOyKpO2UhOugiOyGjCDrqLjsi6AnLCAnMTlCYXIg7Y6M7ZSEIOyVleugpSwg7Iqk7YyAIOq4sOuKpS4nLCA2NTAwMDAsIDMwLCAnaHR0cHM6Ly9pbWFnZXMudW5zcGxhc2guY29tL3Bob3RvLTE1MTc2Njg4MDg4MjItOWViYjAyZjJhMGU2P3c9NDAwJyksCignTGl2aW5nJywgJ+ybkOuqqSDsi53tg4Eg7IS47Yq4JywgJ+2YuOuRkOuCmOustCDsm5DrqqksIDTsnbjsmqkg7J2Y7J6QIO2PrO2VqC4nLCAxMjAwMDAwLCA1LCAnaHR0cHM6Ly9pbWFnZXMudW5zcGxhc2guY29tL3Bob3RvLTE1NTUwNDE0NjktYTU4NmM2MWVhOWJjP3c9NDAwJyksCignRm9vZCcsICftlITrpqzrr7jsl4Qg7ZWc7JqwIOyEuO2KuCAxKysnLCAn65Ox7IusLCDslYjsi6wsIOyxhOuBnSAxa2cuJywgMjUwMDAwLCAxMDAsICdodHRwczovL2ltYWdlcy51bnNwbGFzaC5jb20vcGhvdG8tMTYwNzYyMzgxNDA3NS1lNTFkZjFiZGM4MmY/dz00MDAnKSwKKCdGb29kJywgJ+ycoOq4sOuGjSDqs7zsnbwg67CU6rWs64uIJywgJ+ygnOyyoCDqs7zsnbwgNeyihSwg7ISg66y8IO2PrOyepS4nLCA4OTAwMCwgNTAsICdodHRwczovL2ltYWdlcy51bnNwbGFzaC5jb20vcGhvdG8tMTYxOTU2NjYzNjg1OC1hZGYzZWY0NjQwMGI/dz00MDAnKSwKKCdGb29kJywgJ+yImOygnCDstIjsvZzrpr8g7IS47Yq4JywgJ+uyqOq4sOyXkOyCsCDstIjsvZzrpr8gMjTqtawuJywgNDUwMDAsIDIwMCwgJ2h0dHBzOi8vaW1hZ2VzLnVuc3BsYXNoLmNvbS9waG90by0xNTQ5MDA3OTk0LWNiOTJjYWViZDU0Yj93PTQwMCcpLAooJ0Zvb2QnLCAn7JmA7J24IOyEoOusvCDshLjtirgnLCAn7ZSE656R7IqkIOuztOultOuPhCDroIjrk5zsmYDsnbggMuuzkS4nLCA3NTAwMCwgNjAsICdodHRwczovL2ltYWdlcy51bnNwbGFzaC5jb20vcGhvdG8tMTUxMDgxMjQzMTQwMS00MWQyYmQyNzIyZjM/dz00MDAnKSwKKCdCb29rcycsICfrsqDsiqTtirjshYDrn6wg7IaM7ISkIOyEuO2KuCcsICcyMDI1IOyDgeuwmOq4sCDrsqDsiqTtirggNeq2jC4nLCA2NTAwMCwgMTUwLCAnaHR0cHM6Ly9pbWFnZXMudW5zcGxhc2guY29tL3Bob3RvLTE1NDQ5NDc5NTAtZmEwN2E5OGQyMzdmP3c9NDAwJyksCignQm9va3MnLCAnSVQg6riw7IigIOyEnOyggSDtjKjtgqTsp4AnLCAn7YG065287Jqw65OcLCDrs7TslYgsIEFJIOyeheusuOyEnC4nLCAxMjAwMDAsIDMwLCAnaHR0cHM6Ly9pbWFnZXMudW5zcGxhc2guY29tL3Bob3RvLTE1MzIwMTIxOTcyNjctZGE4NGQxMjdlNzY1P3c9NDAwJyk7CgpTRVQgRk9SRUlHTl9LRVlfQ0hFQ0tTPTE7CkVPU1FMCgpteXNxbCAtaCAid3d3LW15c3FsLXNlcnZlci0zMmoyLm15c3FsLmRhdGFiYXNlLmF6dXJlLmNvbSIgLXUgInd3dyIgLXAiSXQxMjM0NSEiIC0tc3NsLWNhPS92YXIvd3d3L2h0bWwvRGlnaUNlcnRHbG9iYWxSb290RzIuY3J0LnBlbSAid3d3X3NxbCIgPCAvdG1wL2luaXRfZGIuc3FsIDI+JjEgfCB0ZWUgLWEgIi92YXIvbG9nL3dhc19pbml0LmxvZyIKcm0gLWYgL3RtcC9pbml0X2RiLnNxbAoKbG9nICJTZWVkaW5nIFVzZXJzLi4uIgpjYXQgPDwnRU9QSCcgPiAvdmFyL3d3dy9odG1sL3NlZWRfdXNlcnMucGhwCjw/cGhwCmluY2x1ZGUgJ2RiX2NvbmZpZy5waHAnOwokY29ubiA9IGdldERiQ29ubmVjdGlvbignd3JpdGUnKTsKCiR1c2VycyA9IFsKICAgIFsnYWRtaW5AMDR3d3cuY2xvdWQnLCAnSXQxMjM0NSEnLCAn6rSA66as7J6QJywgJ2FkbWluJ10sCiAgICBbJ3N1cHBvcnRAMDR3d3cuY2xvdWQnLCAnSXQxMjM0NSEnLCAn6rOg6rCd7IS87YSwJywgJ2FkbWluJ10sCiAgICBbJ3VzZXIxQDA0d3d3LmNsb3VkJywgJ0l0MTIzNDUhJywgJ1VzZXIgMScsICd1c2VyJ10sCiAgICBbJ3VzZXIyQDA0d3d3LmNsb3VkJywgJ0l0MTIzNDUhJywgJ1VzZXIgMicsICd1c2VyJ10sCiAgICBbJ3d3d0AwNHd3dy5jbG91ZCcsICdJdDEyMzQ1IScsICdXV1cgU2VydmljZScsICdhZG1pbiddLAogICAgWydndWVzdEAwNHd3dy5jbG91ZCcsICdJdDEyMzQ1IScsICdHdWVzdCBVc2VyJywgJ3VzZXInXQpdOwoKZm9yZWFjaCAoJHVzZXJzIGFzICR1KSB7CiAgICAkY2hrID0gJGNvbm4tPnByZXBhcmUoIlNFTEVDVCBpZCBGUk9NIHVzZXJzIFdIRVJFIHVzZXJuYW1lPT8iKTsKICAgICRjaGstPmJpbmRfcGFyYW0oInMiLCAkdVswXSk7CiAgICAkY2hrLT5leGVjdXRlKCk7CiAgICBpZiAoISRjaGstPmdldF9yZXN1bHQoKS0+ZmV0Y2hfYXNzb2MoKSkgewogICAgICAgICRoYXNoID0gcGFzc3dvcmRfaGFzaCgkdVsxXSwgUEFTU1dPUkRfQkNSWVBUKTsKICAgICAgICAkaW5zID0gJGNvbm4tPnByZXBhcmUoIklOU0VSVCBJTlRPIHVzZXJzICh1c2VybmFtZSwgcGFzc3dvcmQsIHJlYWxfbmFtZSwgcm9sZSkgVkFMVUVTICg/LCA/LCA/LCA/KSIpOwogICAgICAgICRpbnMtPmJpbmRfcGFyYW0oInNzc3MiLCAkdVswXSwgJGhhc2gsICR1WzJdLCAkdVszXSk7CiAgICAgICAgJGlucy0+ZXhlY3V0ZSgpOwogICAgICAgIGVjaG8gIlNlZWRlZDogeyR1WzBdfVxuIjsKICAgIH0KfQo/PgpFT1BICnBocCAvdmFyL3d3dy9odG1sL3NlZWRfdXNlcnMucGhwID4+ICIvdmFyL2xvZy93YXNfaW5pdC5sb2ciCnJtIC1mIC92YXIvd3d3L2h0bWwvc2VlZF91c2Vycy5waHAKCmxvZyAiRGVwbG95aW5nIEFwcGxpY2F0aW9uLi4uIgoKY2F0IDw8J0VPRicgPiAvdmFyL3d3dy9odG1sL2hlYWRlci5waHAKPD9waHAKaWYoc2Vzc2lvbl9zdGF0dXMoKSA9PT0gUEhQX1NFU1NJT05fTk9ORSkgc2Vzc2lvbl9zdGFydCgpOwppbmNsdWRlX29uY2UgJ2RiX2NvbmZpZy5waHAnOwoKJGN1cnJlbnRVc2VyID0gbnVsbDsKaWYgKGlzc2V0KCRfQ09PS0lFWydsdXBhbmdfdG9rZW4nXSkpIHsKICAgICRkZWNvZGVkID0gYmFzZTY0X2RlY29kZSgkX0NPT0tJRVsnbHVwYW5nX3Rva2VuJ10pOwogICAgJGpzb24gPSBqc29uX2RlY29kZSgkZGVjb2RlZCwgdHJ1ZSk7CiAgICBpZiAoJGpzb24gJiYgaXNzZXQoJGpzb25bJ3VzZXJuYW1lJ10pKSB7CiAgICAgICAgJGN1cnJlbnRVc2VyID0gJGpzb247CiAgICB9Cn0KPz4KPCFET0NUWVBFIGh0bWw+CjxodG1sIGxhbmc9ImtvIj4KPGhlYWQ+CiAgICA8bWV0YSBjaGFyc2V0PSJVVEYtOCI+CiAgICA8bWV0YSBuYW1lPSJ2aWV3cG9ydCIgY29udGVudD0id2lkdGg9ZGV2aWNlLXdpZHRoLCBpbml0aWFsLXNjYWxlPTEuMCI+CiAgICA8dGl0bGU+TFVQQU5HIHwgUHJlbWl1bSBTaG9wcGluZzwvdGl0bGU+CiAgICA8bGluayBocmVmPSJodHRwczovL2NkbmpzLmNsb3VkZmxhcmUuY29tL2FqYXgvbGlicy9mb250LWF3ZXNvbWUvNi40LjAvY3NzL2FsbC5taW4uY3NzIiByZWw9InN0eWxlc2hlZXQiPgogICAgPGxpbmsgaHJlZj0iaHR0cHM6Ly9mb250cy5nb29nbGVhcGlzLmNvbS9jc3MyP2ZhbWlseT1Ob3RvK1NhbnMrS1I6d2dodEAzMDA7NDAwOzcwMDs5MDAmZGlzcGxheT1zd2FwIiByZWw9InN0eWxlc2hlZXQiPgogICAgPGxpbmsgaHJlZj0iaHR0cHM6Ly9jZG4uanNkZWxpdnIubmV0L25wbS9ib290c3RyYXBANS4zLjAvZGlzdC9jc3MvYm9vdHN0cmFwLm1pbi5jc3MiIHJlbD0ic3R5bGVzaGVldCI+CiAgICA8c2NyaXB0IHNyYz0iaHR0cHM6Ly9jZG4uanNkZWxpdnIubmV0L25wbS9jaGFydC5qcyI+PC9zY3JpcHQ+CiAgICA8c3R5bGU+CiAgICAgICAgOnJvb3QgewogICAgICAgICAgICAtLWJnLWNvbG9yOiAjMTIxMjEyOwogICAgICAgICAgICAtLWNhcmQtYmc6ICMxZTFlMWU7CiAgICAgICAgICAgIC0tdGV4dC1tYWluOiAjZmZmZmZmOwogICAgICAgICAgICAtLXRleHQtc3ViOiAjYTBhMGEwOwogICAgICAgICAgICAtLWFjY2VudDogI2U2MDAyMzsKICAgICAgICAgICAgLS1hY2NlbnQtaG92ZXI6ICNmZjJmNGY7CiAgICAgICAgICAgIC0tYm9yZGVyLWNvbG9yOiAjMzMzOwogICAgICAgICAgICAtLXN1Y2Nlc3M6ICMwMGM4NTM7CiAgICAgICAgICAgIC0td2FybmluZzogI2ZmYzEwNzsKICAgICAgICB9CiAgICAgICAgYm9keSB7IGJhY2tncm91bmQtY29sb3I6IHZhcigtLWJnLWNvbG9yKTsgY29sb3I6IHZhcigtLXRleHQtbWFpbik7IGZvbnQtZmFtaWx5OiAnTm90byBTYW5zIEtSJywgc2Fucy1zZXJpZjsgfQogICAgICAgIC5uYXZiYXItbHVwYW5nIHsgYmFja2dyb3VuZC1jb2xvcjogcmdiYSgxOCwgMTgsIDE4LCAwLjk4KTsgYm9yZGVyLWJvdHRvbTogMXB4IHNvbGlkIHZhcigtLWJvcmRlci1jb2xvcik7IGJhY2tkcm9wLWZpbHRlcjogYmx1cigxMHB4KTsgfQogICAgICAgIC5sb2dvIHsgZm9udC1zaXplOiAxLjhyZW07IGZvbnQtd2VpZ2h0OiA5MDA7IGxldHRlci1zcGFjaW5nOiAtMXB4OyBjb2xvcjogdmFyKC0tYWNjZW50KTsgdGV4dC1kZWNvcmF0aW9uOiBub25lOyB9CiAgICAgICAgLmxvZ286aG92ZXIgeyBjb2xvcjogdmFyKC0tYWNjZW50LWhvdmVyKTsgdGV4dC1zaGFkb3c6IDAgMCAyMHB4IHJnYmEoMjMwLDAsMzUsMC41KTsgfQogICAgICAgIC5uYXYtbGluayB7IGNvbG9yOiB2YXIoLS10ZXh0LXN1Yik7IHRyYW5zaXRpb246IDAuM3M7IH0KICAgICAgICAubmF2LWxpbms6aG92ZXIgeyBjb2xvcjogd2hpdGU7IH0KICAgICAgICAuYnRuLWx1cGFuZyB7IGJhY2tncm91bmQ6IGxpbmVhci1ncmFkaWVudCgxMzVkZWcsIHZhcigtLWFjY2VudCksICNmZjQ3NTcpOyBjb2xvcjogd2hpdGU7IGJvcmRlcjogbm9uZTsgdHJhbnNpdGlvbjogYWxsIDAuM3M7IH0KICAgICAgICAuYnRuLWx1cGFuZzpob3ZlciB7IGJhY2tncm91bmQ6IGxpbmVhci1ncmFkaWVudCgxMzVkZWcsICNmZjJmNGYsICNmZjZiODEpOyBjb2xvcjogd2hpdGU7IHRyYW5zZm9ybTogdHJhbnNsYXRlWSgtMnB4KTsgYm94LXNoYWRvdzogMCA1cHggMjBweCByZ2JhKDIzMCwwLDM1LDAuNCk7IH0KICAgICAgICAKICAgICAgICAvKiBFbmhhbmNlZCBDYXJkIFN0eWxlcyAqLwogICAgICAgIC5wcm9kdWN0LWNhcmQgeyB0cmFuc2l0aW9uOiBhbGwgMC4zcyBlYXNlOyBib3JkZXI6IDFweCBzb2xpZCB2YXIoLS1ib3JkZXItY29sb3IpOyBvdmVyZmxvdzogaGlkZGVuOyB9CiAgICAgICAgLnByb2R1Y3QtY2FyZDpob3ZlciB7IHRyYW5zZm9ybTogdHJhbnNsYXRlWSgtMTBweCk7IGJveC1zaGFkb3c6IDAgMjBweCA0MHB4IHJnYmEoMCwwLDAsMC40KTsgYm9yZGVyLWNvbG9yOiB2YXIoLS1hY2NlbnQpOyB9CiAgICAgICAgLnByb2R1Y3QtY2FyZCAuY2FyZC1pbWctdG9wIHsgdHJhbnNpdGlvbjogdHJhbnNmb3JtIDAuNXMgZWFzZTsgaGVpZ2h0OiAyMDBweDsgb2JqZWN0LWZpdDogY292ZXI7IH0KICAgICAgICAucHJvZHVjdC1jYXJkOmhvdmVyIC5jYXJkLWltZy10b3AgeyB0cmFuc2Zvcm06IHNjYWxlKDEuMSk7IH0KICAgICAgICAucHJvZHVjdC1jYXJkIC5jYXJkLWltZy13cmFwcGVyIHsgb3ZlcmZsb3c6IGhpZGRlbjsgcG9zaXRpb246IHJlbGF0aXZlOyB9CiAgICAgICAgLnByb2R1Y3QtY2FyZCAuZGlzY291bnQtYmFkZ2UgeyBwb3NpdGlvbjogYWJzb2x1dGU7IHRvcDogMTBweDsgbGVmdDogMTBweDsgYmFja2dyb3VuZDogdmFyKC0tYWNjZW50KTsgY29sb3I6IHdoaXRlOyBwYWRkaW5nOiA1cHggMTBweDsgYm9yZGVyLXJhZGl1czogMjBweDsgZm9udC1zaXplOiAwLjhyZW07IGZvbnQtd2VpZ2h0OiBib2xkOyB6LWluZGV4OiAxMDsgfQogICAgICAgIC5wcm9kdWN0LWNhcmQgLndpc2hsaXN0LWJ0biB7IHBvc2l0aW9uOiBhYnNvbHV0ZTsgdG9wOiAxMHB4OyByaWdodDogMTBweDsgYmFja2dyb3VuZDogcmdiYSgwLDAsMCwwLjYpOyBib3JkZXI6IG5vbmU7IGNvbG9yOiB3aGl0ZTsgd2lkdGg6IDM2cHg7IGhlaWdodDogMzZweDsgYm9yZGVyLXJhZGl1czogNTAlOyBjdXJzb3I6IHBvaW50ZXI7IHRyYW5zaXRpb246IGFsbCAwLjNzOyB6LWluZGV4OiAxMDsgfQogICAgICAgIC5wcm9kdWN0LWNhcmQgLndpc2hsaXN0LWJ0bjpob3ZlciB7IGJhY2tncm91bmQ6IHZhcigtLWFjY2VudCk7IHRyYW5zZm9ybTogc2NhbGUoMS4xKTsgfQogICAgICAgIC5wcm9kdWN0LWNhcmQgLndpc2hsaXN0LWJ0bi5hY3RpdmUgeyBiYWNrZ3JvdW5kOiB2YXIoLS1hY2NlbnQpOyB9CiAgICAgICAgLnByb2R1Y3QtY2FyZCAucmF0aW5nIHsgY29sb3I6ICNmZmMxMDc7IGZvbnQtc2l6ZTogMC44NXJlbTsgfQogICAgICAgIAogICAgICAgIC8qIFNlYXJjaCBGb3JtICovCiAgICAgICAgLnNlYXJjaC1mb3JtIHsgbWF4LXdpZHRoOiA0MDBweDsgfQogICAgICAgIC5zZWFyY2gtZm9ybSAuZm9ybS1jb250cm9sIHsgYmFja2dyb3VuZDogIzJhMmEyYTsgYm9yZGVyOiAxcHggc29saWQgIzQ0NDsgY29sb3I6IHdoaXRlOyBib3JkZXItcmFkaXVzOiAyNXB4IDAgMCAyNXB4OyB9CiAgICAgICAgLnNlYXJjaC1mb3JtIC5mb3JtLWNvbnRyb2w6Zm9jdXMgeyBiYWNrZ3JvdW5kOiAjMzMzOyBib3JkZXItY29sb3I6IHZhcigtLWFjY2VudCk7IGJveC1zaGFkb3c6IDAgMCAwIDJweCByZ2JhKDIzMCwwLDM1LDAuMik7IH0KICAgICAgICAuc2VhcmNoLWZvcm0gLmZvcm0tY29udHJvbDo6cGxhY2Vob2xkZXIgeyBjb2xvcjogIzg4ODsgfQogICAgICAgIC5zZWFyY2gtZm9ybSAuYnRuIHsgYm9yZGVyLXJhZGl1czogMCAyNXB4IDI1cHggMDsgfQogICAgICAgIAogICAgICAgIC8qIENhdGVnb3J5IFBpbGxzICovCiAgICAgICAgLmNhdGVnb3J5LXBpbGxzIHsgZGlzcGxheTogZmxleDsgZ2FwOiAxMHB4OyBmbGV4LXdyYXA6IHdyYXA7IG1hcmdpbi1ib3R0b206IDIwcHg7IH0KICAgICAgICAuY2F0ZWdvcnktcGlsbCB7IHBhZGRpbmc6IDhweCAyMHB4OyBiYWNrZ3JvdW5kOiB2YXIoLS1jYXJkLWJnKTsgYm9yZGVyOiAxcHggc29saWQgdmFyKC0tYm9yZGVyLWNvbG9yKTsgYm9yZGVyLXJhZGl1czogMjVweDsgY29sb3I6IHZhcigtLXRleHQtc3ViKTsgdGV4dC1kZWNvcmF0aW9uOiBub25lOyB0cmFuc2l0aW9uOiBhbGwgMC4zczsgfQogICAgICAgIC5jYXRlZ29yeS1waWxsOmhvdmVyLCAuY2F0ZWdvcnktcGlsbC5hY3RpdmUgeyBiYWNrZ3JvdW5kOiB2YXIoLS1hY2NlbnQpOyBib3JkZXItY29sb3I6IHZhcigtLWFjY2VudCk7IGNvbG9yOiB3aGl0ZTsgfQogICAgICAgIAogICAgICAgIC8qIENhcm91c2VsICovCiAgICAgICAgLmhlcm8tY2Fyb3VzZWwgLmNhcm91c2VsLWl0ZW0geyBoZWlnaHQ6IDQwMHB4OyBiYWNrZ3JvdW5kLXNpemU6IGNvdmVyOyBiYWNrZ3JvdW5kLXBvc2l0aW9uOiBjZW50ZXI7IH0KICAgICAgICAuaGVyby1jYXJvdXNlbCAuY2Fyb3VzZWwtY2FwdGlvbiB7IGJhY2tncm91bmQ6IHJnYmEoMCwwLDAsMC42KTsgcGFkZGluZzogMzBweDsgYm9yZGVyLXJhZGl1czogMTVweDsgYmFja2Ryb3AtZmlsdGVyOiBibHVyKDVweCk7IH0KICAgICAgICAuaGVyby1jYXJvdXNlbCAuY2Fyb3VzZWwtaW5kaWNhdG9ycyBidXR0b24geyB3aWR0aDogMTJweDsgaGVpZ2h0OiAxMnB4OyBib3JkZXItcmFkaXVzOiA1MCU7IH0KICAgICAgICAKICAgICAgICAvKiBTdGFyIFJhdGluZyAqLwogICAgICAgIC5zdGFyLXJhdGluZyB7IGNvbG9yOiAjZmZjMTA3OyB9CiAgICAgICAgLnN0YXItcmF0aW5nIC5lbXB0eSB7IGNvbG9yOiAjNTU1OyB9CiAgICAgICAgCiAgICAgICAgdGFibGUgeyBjb2xvcjogdmFyKC0tdGV4dC1tYWluKTsgfQogICAgICAgIAogICAgICAgIC8qIERyb3Bkb3duIE1lbnUgKi8KICAgICAgICAuZHJvcGRvd24tbWVudS1kYXJrIHsgYmFja2dyb3VuZDogIzFlMWUxZTsgYm9yZGVyOiAxcHggc29saWQgIzMzMzsgfQogICAgICAgIC5kcm9wZG93bi1tZW51LWRhcmsgLmRyb3Bkb3duLWl0ZW0geyBjb2xvcjogI2NjYzsgfQogICAgICAgIC5kcm9wZG93bi1tZW51LWRhcmsgLmRyb3Bkb3duLWl0ZW06aG92ZXIgeyBiYWNrZ3JvdW5kOiB2YXIoLS1hY2NlbnQpOyBjb2xvcjogd2hpdGU7IH0KICAgIDwvc3R5bGU+CjwvaGVhZD4KPGJvZHk+CjxuYXYgY2xhc3M9Im5hdmJhciBuYXZiYXItZXhwYW5kLWxnIG5hdmJhci1kYXJrIG5hdmJhci1sdXBhbmcgc3RpY2t5LXRvcCI+CiAgPGRpdiBjbGFzcz0iY29udGFpbmVyIj4KICAgIDxhIGNsYXNzPSJuYXZiYXItYnJhbmQgbG9nbyIgaHJlZj0iLyI+TFVQQU5HPC9hPgogICAgPGJ1dHRvbiBjbGFzcz0ibmF2YmFyLXRvZ2dsZXIiIHR5cGU9ImJ1dHRvbiIgZGF0YS1icy10b2dnbGU9ImNvbGxhcHNlIiBkYXRhLWJzLXRhcmdldD0iI25hdmJhclRleHQiPgogICAgICAgIDxzcGFuIGNsYXNzPSJuYXZiYXItdG9nZ2xlci1pY29uIj48L3NwYW4+CiAgICA8L2J1dHRvbj4KICAgIDxkaXYgY2xhc3M9ImNvbGxhcHNlIG5hdmJhci1jb2xsYXBzZSIgaWQ9Im5hdmJhclRleHQiPgogICAgICA8dWwgY2xhc3M9Im5hdmJhci1uYXYgbWUtYXV0byBtYi0yIG1iLWxnLTAiPgogICAgICAgIDxsaSBjbGFzcz0ibmF2LWl0ZW0gZHJvcGRvd24iPgogICAgICAgICAgPGEgY2xhc3M9Im5hdi1saW5rIGRyb3Bkb3duLXRvZ2dsZSIgaHJlZj0iIyIgcm9sZT0iYnV0dG9uIiBkYXRhLWJzLXRvZ2dsZT0iZHJvcGRvd24iPgogICAgICAgICAgICA8aSBjbGFzcz0iZmFzIGZhLXRoLWxhcmdlIG1lLTEiPjwvaT4g7Lm07YWM6rOg66asCiAgICAgICAgICA8L2E+CiAgICAgICAgICA8dWwgY2xhc3M9ImRyb3Bkb3duLW1lbnUgZHJvcGRvd24tbWVudS1kYXJrIj4KICAgICAgICAgICAgPGxpPjxhIGNsYXNzPSJkcm9wZG93bi1pdGVtIiBocmVmPSIvP2NhdGVnb3J5PUVsZWN0cm9uaWNzIj48aSBjbGFzcz0iZmFzIGZhLWxhcHRvcCBtZS0yIj48L2k+7KCE7J6Q7KCc7ZKIPC9hPjwvbGk+CiAgICAgICAgICAgIDxsaT48YSBjbGFzcz0iZHJvcGRvd24taXRlbSIgaHJlZj0iLz9jYXRlZ29yeT1GYXNoaW9uIj48aSBjbGFzcz0iZmFzIGZhLXRzaGlydCBtZS0yIj48L2k+7Yyo7IWYPC9hPjwvbGk+CiAgICAgICAgICAgIDxsaT48YSBjbGFzcz0iZHJvcGRvd24taXRlbSIgaHJlZj0iLz9jYXRlZ29yeT1MaXZpbmciPjxpIGNsYXNzPSJmYXMgZmEtY291Y2ggbWUtMiI+PC9pPuumrOu5mTwvYT48L2xpPgogICAgICAgICAgICA8bGk+PGEgY2xhc3M9ImRyb3Bkb3duLWl0ZW0iIGhyZWY9Ii8/Y2F0ZWdvcnk9Rm9vZCI+PGkgY2xhc3M9ImZhcyBmYS11dGVuc2lscyBtZS0yIj48L2k+7Iud7ZKIPC9hPjwvbGk+CiAgICAgICAgICAgIDxsaT48YSBjbGFzcz0iZHJvcGRvd24taXRlbSIgaHJlZj0iLz9jYXRlZ29yeT1Cb29rcyI+PGkgY2xhc3M9ImZhcyBmYS1ib29rIG1lLTIiPjwvaT7rj4TshJw8L2E+PC9saT4KICAgICAgICAgICAgPGxpPjxociBjbGFzcz0iZHJvcGRvd24tZGl2aWRlciIgc3R5bGU9ImJvcmRlci1jb2xvcjojNDQ0OyI+PC9saT4KICAgICAgICAgICAgPGxpPjxhIGNsYXNzPSJkcm9wZG93bi1pdGVtIiBocmVmPSIvIj48aSBjbGFzcz0iZmFzIGZhLWJvcmRlci1hbGwgbWUtMiI+PC9pPuyghOyytOuztOq4sDwvYT48L2xpPgogICAgICAgICAgPC91bD4KICAgICAgICA8L2xpPgogICAgICA8L3VsPgogICAgICAKICAgICAgPGZvcm0gY2xhc3M9ImQtZmxleCBzZWFyY2gtZm9ybSBtZS0zIiBhY3Rpb249InNlYXJjaC5waHAiIG1ldGhvZD0iR0VUIj4KICAgICAgICA8aW5wdXQgY2xhc3M9ImZvcm0tY29udHJvbCIgdHlwZT0ic2VhcmNoIiBuYW1lPSJxIiBwbGFjZWhvbGRlcj0i7IOB7ZKIIOqygOyDiS4uLiIgYXJpYS1sYWJlbD0iU2VhcmNoIj4KICAgICAgICA8YnV0dG9uIGNsYXNzPSJidG4gYnRuLWx1cGFuZyIgdHlwZT0ic3VibWl0Ij48aSBjbGFzcz0iZmFzIGZhLXNlYXJjaCI+PC9pPjwvYnV0dG9uPgogICAgICA8L2Zvcm0+CiAgICAgIAogICAgICA8ZGl2IGNsYXNzPSJkLWZsZXggYWxpZ24taXRlbXMtY2VudGVyIGdhcC0zIj4KICAgICAgICA8P3BocCBpZigkY3VycmVudFVzZXIpOiA/PgogICAgICAgICAgICA8YSBocmVmPSJ3aXNobGlzdC5waHAiIGNsYXNzPSJuYXYtbGluayIgdGl0bGU9IuychOyLnOumrOyKpO2KuCI+PGkgY2xhc3M9ImZhcyBmYS1oZWFydCI+PC9pPjwvYT4KICAgICAgICAgICAgPGEgaHJlZj0iY2FydC5waHAiIGNsYXNzPSJuYXYtbGluayIgdGl0bGU9IuyepeuwlOq1rOuLiCI+PGkgY2xhc3M9ImZhcyBmYS1zaG9wcGluZy1jYXJ0Ij48L2k+PC9hPgogICAgICAgICAgICA8ZGl2IGNsYXNzPSJkcm9wZG93biI+CiAgICAgICAgICAgICAgPGEgY2xhc3M9Im5hdi1saW5rIGRyb3Bkb3duLXRvZ2dsZSIgaHJlZj0iIyIgcm9sZT0iYnV0dG9uIiBkYXRhLWJzLXRvZ2dsZT0iZHJvcGRvd24iPgogICAgICAgICAgICAgICAgPGkgY2xhc3M9ImZhcyBmYS11c2VyLWNpcmNsZSBtZS0xIj48L2k+IDw/cGhwIGVjaG8gaHRtbHNwZWNpYWxjaGFycygkY3VycmVudFVzZXJbJ3JlYWxfbmFtZSddID8/ICRjdXJyZW50VXNlclsndXNlcm5hbWUnXSk7ID8+CiAgICAgICAgICAgICAgPC9hPgogICAgICAgICAgICAgIDx1bCBjbGFzcz0iZHJvcGRvd24tbWVudSBkcm9wZG93bi1tZW51LWRhcmsgZHJvcGRvd24tbWVudS1lbmQiPgogICAgICAgICAgICAgICAgPGxpPjxhIGNsYXNzPSJkcm9wZG93bi1pdGVtIiBocmVmPSJteXBhZ2UucGhwIj48aSBjbGFzcz0iZmFzIGZhLXVzZXIgbWUtMiI+PC9pPuuniOydtO2OmOydtOyngDwvYT48L2xpPgogICAgICAgICAgICAgICAgPGxpPjxhIGNsYXNzPSJkcm9wZG93bi1pdGVtIiBocmVmPSJ3aXNobGlzdC5waHAiPjxpIGNsYXNzPSJmYXMgZmEtaGVhcnQgbWUtMiI+PC9pPuychOyLnOumrOyKpO2KuDwvYT48L2xpPgogICAgICAgICAgICAgICAgPD9waHAgaWYoaXNzZXQoJGN1cnJlbnRVc2VyWydyb2xlJ10pICYmICRjdXJyZW50VXNlclsncm9sZSddID09PSAnYWRtaW4nKTogPz4KICAgICAgICAgICAgICAgIDxsaT48aHIgY2xhc3M9ImRyb3Bkb3duLWRpdmlkZXIiIHN0eWxlPSJib3JkZXItY29sb3I6IzQ0NDsiPjwvbGk+CiAgICAgICAgICAgICAgICA8bGk+PGEgY2xhc3M9ImRyb3Bkb3duLWl0ZW0gdGV4dC1kYW5nZXIiIGhyZWY9ImFkbWluLnBocCI+PGkgY2xhc3M9ImZhcyBmYS10b29scyBtZS0yIj48L2k+6rSA66as7J6QPC9hPjwvbGk+CiAgICAgICAgICAgICAgICA8P3BocCBlbmRpZjsgPz4KICAgICAgICAgICAgICAgIDxsaT48aHIgY2xhc3M9ImRyb3Bkb3duLWRpdmlkZXIiIHN0eWxlPSJib3JkZXItY29sb3I6IzQ0NDsiPjwvbGk+CiAgICAgICAgICAgICAgICA8bGk+PGEgY2xhc3M9ImRyb3Bkb3duLWl0ZW0iIGhyZWY9ImxvZ291dC5waHAiPjxpIGNsYXNzPSJmYXMgZmEtc2lnbi1vdXQtYWx0IG1lLTIiPjwvaT7roZzqt7jslYTsm4M8L2E+PC9saT4KICAgICAgICAgICAgICA8L3VsPgogICAgICAgICAgICA8L2Rpdj4KICAgICAgICA8P3BocCBlbHNlOiA/PgogICAgICAgICAgICA8YSBocmVmPSJsb2dpbi5waHAiIGNsYXNzPSJuYXYtbGluayI+66Gc6re47J24PC9hPgogICAgICAgICAgICA8YSBocmVmPSJyZWdpc3Rlci5waHAiIGNsYXNzPSJidG4gYnRuLXNtIGJ0bi1sdXBhbmciPu2ajOybkOqwgOyehTwvYT4KICAgICAgICA8P3BocCBlbmRpZjsgPz4KICAgICAgPC9kaXY+CiAgICA8L2Rpdj4KICA8L2Rpdj4KPC9uYXY+Cgo8ZGl2IGNsYXNzPSJjb250YWluZXIgbXQtNCBtYi01IiBzdHlsZT0ibWluLWhlaWdodDogODAwcHg7Ij4KRU9GCgpjYXQgPDwnRU9GJyA+IC92YXIvd3d3L2h0bWwvZm9vdGVyLnBocAo8L2Rpdj4KPGZvb3RlciBjbGFzcz0icHktNSIgc3R5bGU9ImJhY2tncm91bmQtY29sb3I6ICMwYTBhMGE7IGJvcmRlci10b3A6IDFweCBzb2xpZCAjMjIyOyI+CiAgICA8ZGl2IGNsYXNzPSJjb250YWluZXIiPgogICAgICAgIDxkaXYgY2xhc3M9InJvdyI+CiAgICAgICAgICAgIDxkaXYgY2xhc3M9ImNvbC1tZC00IG1iLTQiPgogICAgICAgICAgICAgICAgPHNwYW4gY2xhc3M9ImxvZ28gZnMtNCI+TFVQQU5HPC9zcGFuPgogICAgICAgICAgICAgICAgPHAgY2xhc3M9InRleHQtc2Vjb25kYXJ5IHNtYWxsIG10LTMiPgogICAgICAgICAgICAgICAgICAgIOuMgO2VnOuvvOq1rSBOby4xIO2UhOumrOuvuOyXhCDsh7ztlZHrqrA8YnI+CiAgICAgICAgICAgICAgICAgICAg67mg66W4IOuwsOyGoSwg7LWc7KCA6rCAIOuztOyepQogICAgICAgICAgICAgICAgPC9wPgogICAgICAgICAgICA8L2Rpdj4KICAgICAgICAgICAgPGRpdiBjbGFzcz0iY29sLW1kLTQgbWItNCI+CiAgICAgICAgICAgICAgICA8aDYgY2xhc3M9InRleHQtd2hpdGUgbWItMyI+6rOg6rCdIOyEnOu5hOyKpDwvaDY+CiAgICAgICAgICAgICAgICA8dWwgY2xhc3M9Imxpc3QtdW5zdHlsZWQiPgogICAgICAgICAgICAgICAgICAgIDxsaT48YSBocmVmPSIjIiBjbGFzcz0idGV4dC1zZWNvbmRhcnkgdGV4dC1kZWNvcmF0aW9uLW5vbmUgc21hbGwiPuyekOyjvCDrrLvripQg7KeI66y4IChGQVEpPC9hPjwvbGk+CiAgICAgICAgICAgICAgICAgICAgPGxpPjxhIGhyZWY9IiMiIGNsYXNzPSJ0ZXh0LXNlY29uZGFyeSB0ZXh0LWRlY29yYXRpb24tbm9uZSBzbWFsbCI+MToxIOusuOydmO2VmOq4sDwvYT48L2xpPgogICAgICAgICAgICAgICAgICAgIDxsaT48YSBocmVmPSIjIiBjbGFzcz0idGV4dC1zZWNvbmRhcnkgdGV4dC1kZWNvcmF0aW9uLW5vbmUgc21hbGwiPuuwsOyGoSDsobDtmow8L2E+PC9saT4KICAgICAgICAgICAgICAgICAgICA8bGk+PGEgaHJlZj0iIyIgY2xhc3M9InRleHQtc2Vjb25kYXJ5IHRleHQtZGVjb3JhdGlvbi1ub25lIHNtYWxsIj7qtZDtmZgv67CY7ZKIIOyViOuCtDwvYT48L2xpPgogICAgICAgICAgICAgICAgPC91bD4KICAgICAgICAgICAgPC9kaXY+CiAgICAgICAgICAgIDxkaXYgY2xhc3M9ImNvbC1tZC00IG1iLTQiPgogICAgICAgICAgICAgICAgPGg2IGNsYXNzPSJ0ZXh0LXdoaXRlIG1iLTMiPu2ajOyCrCDsoJXrs7Q8L2g2PgogICAgICAgICAgICAgICAgPHVsIGNsYXNzPSJsaXN0LXVuc3R5bGVkIj4KICAgICAgICAgICAgICAgICAgICA8bGk+PGEgaHJlZj0iIyIgY2xhc3M9InRleHQtc2Vjb25kYXJ5IHRleHQtZGVjb3JhdGlvbi1ub25lIHNtYWxsIj7tmozsgqwg7IaM6rCcPC9hPjwvbGk+CiAgICAgICAgICAgICAgICAgICAgPGxpPjxhIGhyZWY9IiMiIGNsYXNzPSJ0ZXh0LXNlY29uZGFyeSB0ZXh0LWRlY29yYXRpb24tbm9uZSBzbWFsbCI+7J207Jqp7JW96rSAPC9hPjwvbGk+CiAgICAgICAgICAgICAgICAgICAgPGxpPjxhIGhyZWY9IiMiIGNsYXNzPSJ0ZXh0LXNlY29uZGFyeSB0ZXh0LWRlY29yYXRpb24tbm9uZSBzbWFsbCI+6rCc7J247KCV67O07LKY66as67Cp7LmoPC9hPjwvbGk+CiAgICAgICAgICAgICAgICA8L3VsPgogICAgICAgICAgICA8L2Rpdj4KICAgICAgICA8L2Rpdj4KICAgICAgICA8aHIgc3R5bGU9ImJvcmRlci1jb2xvcjogIzMzMzsiPgogICAgICAgIDxkaXYgY2xhc3M9InRleHQtY2VudGVyIj4KICAgICAgICAgICAgPHAgY2xhc3M9InRleHQtc2Vjb25kYXJ5IHNtYWxsIG1iLTIiPgogICAgICAgICAgICAgICAgKOyjvCnro6jtjKEgfCDshJzsmrjtirnrs4Tsi5wg6rCV64Ko6rWsIO2FjO2XpOuegOuhnCAxMjMgfCDqs6DqsJ3shLzthLA6IDE1ODgtMDAwMAogICAgICAgICAgICA8L3A+CiAgICAgICAgICAgIDxwIGNsYXNzPSJ0ZXh0LXdhcm5pbmcgc21hbGwgbWItMiI+CiAgICAgICAgICAgICAgICA8aSBjbGFzcz0iZmFzIGZhLWV4Y2xhbWF0aW9uLXRyaWFuZ2xlIG1lLTEiPjwvaT4g67O4IOyCrOydtO2KuOuKlCDrqqjsnZjtlbTtgrkg7Iuk7Iq17JqpIOqwgOyDgSDtmZjqsr3snoXri4jri6QuCiAgICAgICAgICAgIDwvcD4KICAgICAgICAgICAgPGRpdiBjbGFzcz0idGV4dC1zZWNvbmRhcnkgb3BhY2l0eS01MCBzbWFsbCI+Q29weXJpZ2h0IMKpIDIwMjUgTFVQQU5HIENvcnAuIEFsbCBSaWdodHMgUmVzZXJ2ZWQuPC9kaXY+CiAgICAgICAgPC9kaXY+CiAgICA8L2Rpdj4KPC9mb290ZXI+CjxzY3JpcHQgc3JjPSJodHRwczovL2Nkbi5qc2RlbGl2ci5uZXQvbnBtL2Jvb3RzdHJhcEA1LjMuMC9kaXN0L2pzL2Jvb3RzdHJhcC5idW5kbGUubWluLmpzIj48L3NjcmlwdD4KPC9ib2R5Pgo8L2h0bWw+CkVPRgoKY2F0IDw8J0VPRicgPiAvdmFyL3d3dy9odG1sL2luZGV4LnBocAo8P3BocCBpbmNsdWRlICdoZWFkZXIucGhwJzsgCiRjb25uID0gZ2V0RGJDb25uZWN0aW9uKCdyZWFkJyk7CgovLyBDYXRlZ29yeSBmaWx0ZXIKJGNhdGVnb3J5ID0gJF9HRVRbJ2NhdGVnb3J5J10gPz8gJyc7CiRjYXRlZ29yeVdoZXJlID0gJGNhdGVnb3J5ID8gIldIRVJFIGNhdGVnb3J5ID0gJyIgLiAkY29ubi0+cmVhbF9lc2NhcGVfc3RyaW5nKCRjYXRlZ29yeSkgLiAiJyIgOiAiIjsKCi8vIEdldCBwcm9kdWN0cwokcmVzdWx0ID0gJGNvbm4tPnF1ZXJ5KCJTRUxFQ1QgKiBGUk9NIHByb2R1Y3RzICRjYXRlZ29yeVdoZXJlIE9SREVSIEJZIGlkIERFU0MiKTsKCi8vIEdldCBhdmVyYWdlIHJhdGluZ3MgZm9yIHByb2R1Y3RzCiRyYXRpbmdzUXVlcnkgPSAkY29ubi0+cXVlcnkoIlNFTEVDVCBwcm9kdWN0X2lkLCBBVkcocmF0aW5nKSBhcyBhdmdfcmF0aW5nLCBDT1VOVCgqKSBhcyByZXZpZXdfY291bnQgRlJPTSByZXZpZXdzIEdST1VQIEJZIHByb2R1Y3RfaWQiKTsKJHJhdGluZ3MgPSBbXTsKd2hpbGUoJHIgPSAkcmF0aW5nc1F1ZXJ5LT5mZXRjaF9hc3NvYygpKSB7CiAgICAkcmF0aW5nc1skclsncHJvZHVjdF9pZCddXSA9ICRyOwp9Cj8+Cgo8IS0tIEhlcm8gQ2Fyb3VzZWwgLS0+CjxkaXYgaWQ9Imhlcm9DYXJvdXNlbCIgY2xhc3M9ImNhcm91c2VsIHNsaWRlIGhlcm8tY2Fyb3VzZWwgbWItNSIgZGF0YS1icy1yaWRlPSJjYXJvdXNlbCIgZGF0YS1icy1pbnRlcnZhbD0iNDAwMCI+CiAgICA8ZGl2IGNsYXNzPSJjYXJvdXNlbC1pbmRpY2F0b3JzIj4KICAgICAgICA8YnV0dG9uIHR5cGU9ImJ1dHRvbiIgZGF0YS1icy10YXJnZXQ9IiNoZXJvQ2Fyb3VzZWwiIGRhdGEtYnMtc2xpZGUtdG89IjAiIGNsYXNzPSJhY3RpdmUiPjwvYnV0dG9uPgogICAgICAgIDxidXR0b24gdHlwZT0iYnV0dG9uIiBkYXRhLWJzLXRhcmdldD0iI2hlcm9DYXJvdXNlbCIgZGF0YS1icy1zbGlkZS10bz0iMSI+PC9idXR0b24+CiAgICAgICAgPGJ1dHRvbiB0eXBlPSJidXR0b24iIGRhdGEtYnMtdGFyZ2V0PSIjaGVyb0Nhcm91c2VsIiBkYXRhLWJzLXNsaWRlLXRvPSIyIj48L2J1dHRvbj4KICAgIDwvZGl2PgogICAgPGRpdiBjbGFzcz0iY2Fyb3VzZWwtaW5uZXIgcm91bmRlZC00IG92ZXJmbG93LWhpZGRlbiI+CiAgICAgICAgPGRpdiBjbGFzcz0iY2Fyb3VzZWwtaXRlbSBhY3RpdmUiIHN0eWxlPSJiYWNrZ3JvdW5kLWltYWdlOiBsaW5lYXItZ3JhZGllbnQocmdiYSgwLDAsMCwwLjQpLCByZ2JhKDAsMCwwLDAuNikpLCB1cmwoJ2h0dHBzOi8vaW1hZ2VzLnVuc3BsYXNoLmNvbS9waG90by0xNjA3MDgyMzQ4ODI0LTBhOTZmMmE0YjlkYT93PTE0MDAnKTsiPgogICAgICAgICAgICA8ZGl2IGNsYXNzPSJjYXJvdXNlbC1jYXB0aW9uIj4KICAgICAgICAgICAgICAgIDxoMSBjbGFzcz0iZGlzcGxheS00IGZ3LWJvbGQiPvCfjoQgU2Vhc29uIE9mZiBTYWxlPC9oMT4KICAgICAgICAgICAgICAgIDxwIGNsYXNzPSJsZWFkIj7stZzrjIAgNzAlIO2VoOyduCEg64aT7LmY7KeAIOuniOyEuOyalC48L3A+CiAgICAgICAgICAgICAgICA8YSBocmVmPSIvP2NhdGVnb3J5PUVsZWN0cm9uaWNzIiBjbGFzcz0iYnRuIGJ0bi1sdXBhbmcgYnRuLWxnIG10LTIiPuyHvO2Vke2VmOq4sCA8aSBjbGFzcz0iZmFzIGZhLWFycm93LXJpZ2h0IG1zLTIiPjwvaT48L2E+CiAgICAgICAgICAgIDwvZGl2PgogICAgICAgIDwvZGl2PgogICAgICAgIDxkaXYgY2xhc3M9ImNhcm91c2VsLWl0ZW0iIHN0eWxlPSJiYWNrZ3JvdW5kLWltYWdlOiBsaW5lYXItZ3JhZGllbnQocmdiYSgwLDAsMCwwLjQpLCByZ2JhKDAsMCwwLDAuNikpLCB1cmwoJ2h0dHBzOi8vaW1hZ2VzLnVuc3BsYXNoLmNvbS9waG90by0xNDgzOTg1OTg4MzU1LTc2MzcyOGUxOTM1Yj93PTE0MDAnKTsiPgogICAgICAgICAgICA8ZGl2IGNsYXNzPSJjYXJvdXNlbC1jYXB0aW9uIj4KICAgICAgICAgICAgICAgIDxoMSBjbGFzcz0iZGlzcGxheS00IGZ3LWJvbGQiPvCfkZcgRmFzaGlvbiBXZWVrPC9oMT4KICAgICAgICAgICAgICAgIDxwIGNsYXNzPSJsZWFkIj7tirjroIzrlJTtlZwg6rKo7Jq4IO2MqOyFmCDsu6zroInshZg8L3A+CiAgICAgICAgICAgICAgICA8YSBocmVmPSIvP2NhdGVnb3J5PUZhc2hpb24iIGNsYXNzPSJidG4gYnRuLWx1cGFuZyBidG4tbGcgbXQtMiI+7Lus66CJ7IWYIOuztOq4sCA8aSBjbGFzcz0iZmFzIGZhLWFycm93LXJpZ2h0IG1zLTIiPjwvaT48L2E+CiAgICAgICAgICAgIDwvZGl2PgogICAgICAgIDwvZGl2PgogICAgICAgIDxkaXYgY2xhc3M9ImNhcm91c2VsLWl0ZW0iIHN0eWxlPSJiYWNrZ3JvdW5kLWltYWdlOiBsaW5lYXItZ3JhZGllbnQocmdiYSgwLDAsMCwwLjQpLCByZ2JhKDAsMCwwLDAuNikpLCB1cmwoJ2h0dHBzOi8vaW1hZ2VzLnVuc3BsYXNoLmNvbS9waG90by0xNTU2OTA5MTE0LWY2ZTdhZDdkMzEzNj93PTE0MDAnKTsiPgogICAgICAgICAgICA8ZGl2IGNsYXNzPSJjYXJvdXNlbC1jYXB0aW9uIj4KICAgICAgICAgICAgICAgIDxoMSBjbGFzcz0iZGlzcGxheS00IGZ3LWJvbGQiPvCfjb3vuI8g66eb7J6I64qUIOyEoOusvDwvaDE+CiAgICAgICAgICAgICAgICA8cCBjbGFzcz0ibGVhZCI+7ZSE66as66+47JeEIOyLne2SiCDquLDtmo3soIQ8L3A+CiAgICAgICAgICAgICAgICA8YSBocmVmPSIvP2NhdGVnb3J5PUZvb2QiIGNsYXNzPSJidG4gYnRuLWx1cGFuZyBidG4tbGcgbXQtMiI+7Iud7ZKIIOuztOq4sCA8aSBjbGFzcz0iZmFzIGZhLWFycm93LXJpZ2h0IG1zLTIiPjwvaT48L2E+CiAgICAgICAgICAgIDwvZGl2PgogICAgICAgIDwvZGl2PgogICAgPC9kaXY+CiAgICA8YnV0dG9uIGNsYXNzPSJjYXJvdXNlbC1jb250cm9sLXByZXYiIHR5cGU9ImJ1dHRvbiIgZGF0YS1icy10YXJnZXQ9IiNoZXJvQ2Fyb3VzZWwiIGRhdGEtYnMtc2xpZGU9InByZXYiPgogICAgICAgIDxzcGFuIGNsYXNzPSJjYXJvdXNlbC1jb250cm9sLXByZXYtaWNvbiI+PC9zcGFuPgogICAgPC9idXR0b24+CiAgICA8YnV0dG9uIGNsYXNzPSJjYXJvdXNlbC1jb250cm9sLW5leHQiIHR5cGU9ImJ1dHRvbiIgZGF0YS1icy10YXJnZXQ9IiNoZXJvQ2Fyb3VzZWwiIGRhdGEtYnMtc2xpZGU9Im5leHQiPgogICAgICAgIDxzcGFuIGNsYXNzPSJjYXJvdXNlbC1jb250cm9sLW5leHQtaWNvbiI+PC9zcGFuPgogICAgPC9idXR0b24+CjwvZGl2PgoKPCEtLSBDYXRlZ29yeSBQaWxscyAtLT4KPGRpdiBjbGFzcz0iY2F0ZWdvcnktcGlsbHMganVzdGlmeS1jb250ZW50LWNlbnRlciBtYi00Ij4KICAgIDxhIGhyZWY9Ii8iIGNsYXNzPSJjYXRlZ29yeS1waWxsIDw/cGhwIGVjaG8gISRjYXRlZ29yeSA/ICdhY3RpdmUnIDogJyc7ID8+Ij48aSBjbGFzcz0iZmFzIGZhLWJvcmRlci1hbGwgbWUtMSI+PC9pPiDsoITssrQ8L2E+CiAgICA8YSBocmVmPSIvP2NhdGVnb3J5PUVsZWN0cm9uaWNzIiBjbGFzcz0iY2F0ZWdvcnktcGlsbCA8P3BocCBlY2hvICRjYXRlZ29yeSA9PT0gJ0VsZWN0cm9uaWNzJyA/ICdhY3RpdmUnIDogJyc7ID8+Ij48aSBjbGFzcz0iZmFzIGZhLWxhcHRvcCBtZS0xIj48L2k+IOyghOyekOygnO2SiDwvYT4KICAgIDxhIGhyZWY9Ii8/Y2F0ZWdvcnk9RmFzaGlvbiIgY2xhc3M9ImNhdGVnb3J5LXBpbGwgPD9waHAgZWNobyAkY2F0ZWdvcnkgPT09ICdGYXNoaW9uJyA/ICdhY3RpdmUnIDogJyc7ID8+Ij48aSBjbGFzcz0iZmFzIGZhLXRzaGlydCBtZS0xIj48L2k+IO2MqOyFmDwvYT4KICAgIDxhIGhyZWY9Ii8/Y2F0ZWdvcnk9TGl2aW5nIiBjbGFzcz0iY2F0ZWdvcnktcGlsbCA8P3BocCBlY2hvICRjYXRlZ29yeSA9PT0gJ0xpdmluZycgPyAnYWN0aXZlJyA6ICcnOyA/PiI+PGkgY2xhc3M9ImZhcyBmYS1jb3VjaCBtZS0xIj48L2k+IOumrOu5mTwvYT4KICAgIDxhIGhyZWY9Ii8/Y2F0ZWdvcnk9Rm9vZCIgY2xhc3M9ImNhdGVnb3J5LXBpbGwgPD9waHAgZWNobyAkY2F0ZWdvcnkgPT09ICdGb29kJyA/ICdhY3RpdmUnIDogJyc7ID8+Ij48aSBjbGFzcz0iZmFzIGZhLXV0ZW5zaWxzIG1lLTEiPjwvaT4g7Iud7ZKIPC9hPgogICAgPGEgaHJlZj0iLz9jYXRlZ29yeT1Cb29rcyIgY2xhc3M9ImNhdGVnb3J5LXBpbGwgPD9waHAgZWNobyAkY2F0ZWdvcnkgPT09ICdCb29rcycgPyAnYWN0aXZlJyA6ICcnOyA/PiI+PGkgY2xhc3M9ImZhcyBmYS1ib29rIG1lLTEiPjwvaT4g64+E7IScPC9hPgo8L2Rpdj4KCjxkaXYgY2xhc3M9ImQtZmxleCBqdXN0aWZ5LWNvbnRlbnQtYmV0d2VlbiBhbGlnbi1pdGVtcy1jZW50ZXIgbWItNCI+CiAgICA8aDIgY2xhc3M9InRleHQtd2hpdGUgbWItMCI+CiAgICAgICAgPD9waHAgZWNobyAkY2F0ZWdvcnkgPyBodG1sc3BlY2lhbGNoYXJzKCRjYXRlZ29yeSkgOiAn7KCE7LK0IOyDge2SiCc7ID8+CiAgICAgICAgPHNtYWxsIGNsYXNzPSJ0ZXh0LXNlY29uZGFyeSBmcy02Ij4oPD9waHAgZWNobyAkcmVzdWx0LT5udW1fcm93czsgPz7qsJwpPC9zbWFsbD4KICAgIDwvaDI+CjwvZGl2PgoKPGRpdiBjbGFzcz0icm93IGctNCI+CiAgICA8P3BocCAKICAgICRkaXNjb3VudHMgPSBbMCwgMCwgMTAsIDE1LCAyMCwgMjUsIDMwLCAzNSwgNDAsIDUwXTsKICAgIHdoaWxlKCRyb3cgPSAkcmVzdWx0LT5mZXRjaF9hc3NvYygpKTogCiAgICAgICAgJGRpc2NvdW50ID0gJGRpc2NvdW50c1thcnJheV9yYW5kKCRkaXNjb3VudHMpXTsKICAgICAgICAkb3JpZ2luYWxQcmljZSA9ICRkaXNjb3VudCA+IDAgPyBpbnR2YWwoJHJvd1sncHJpY2UnXSAvICgxIC0gJGRpc2NvdW50LzEwMCkpIDogMDsKICAgICAgICAkYXZnUmF0aW5nID0gJHJhdGluZ3NbJHJvd1snaWQnXV1bJ2F2Z19yYXRpbmcnXSA/PyAwOwogICAgICAgICRyZXZpZXdDb3VudCA9ICRyYXRpbmdzWyRyb3dbJ2lkJ11dWydyZXZpZXdfY291bnQnXSA/PyAwOwogICAgPz4KICAgIDxkaXYgY2xhc3M9ImNvbC1sZy0zIGNvbC1tZC00IGNvbC1zbS02Ij4KICAgICAgICA8ZGl2IGNsYXNzPSJjYXJkIHByb2R1Y3QtY2FyZCBiZy1kYXJrIGgtMTAwIj4KICAgICAgICAgICAgPGRpdiBjbGFzcz0iY2FyZC1pbWctd3JhcHBlciI+CiAgICAgICAgICAgICAgICA8P3BocCBpZigkZGlzY291bnQgPiAwKTogPz4KICAgICAgICAgICAgICAgIDxzcGFuIGNsYXNzPSJkaXNjb3VudC1iYWRnZSI+PD9waHAgZWNobyAkZGlzY291bnQ7ID8+JSBPRkY8L3NwYW4+CiAgICAgICAgICAgICAgICA8P3BocCBlbmRpZjsgPz4KICAgICAgICAgICAgICAgIDxidXR0b24gY2xhc3M9Indpc2hsaXN0LWJ0biIgb25jbGljaz0idG9nZ2xlV2lzaGxpc3QoPD9waHAgZWNobyAkcm93WydpZCddOyA/PiwgdGhpcykiIHRpdGxlPSLsnITsi5zrpqzsiqTtirjsl5Ag7LaU6rCAIj4KICAgICAgICAgICAgICAgICAgICA8aSBjbGFzcz0iZmFyIGZhLWhlYXJ0Ij48L2k+CiAgICAgICAgICAgICAgICA8L2J1dHRvbj4KICAgICAgICAgICAgICAgIDxhIGhyZWY9InByb2R1Y3QucGhwP2lkPTw/cGhwIGVjaG8gJHJvd1snaWQnXTsgPz4iPgogICAgICAgICAgICAgICAgICAgIDxpbWcgc3JjPSI8P3BocCBlY2hvIGh0bWxzcGVjaWFsY2hhcnMoJHJvd1snaW1hZ2VfdXJsJ10pOyA/PiIgY2xhc3M9ImNhcmQtaW1nLXRvcCIgYWx0PSI8P3BocCBlY2hvIGh0bWxzcGVjaWFsY2hhcnMoJHJvd1snbmFtZSddKTsgPz4iIGxvYWRpbmc9ImxhenkiPgogICAgICAgICAgICAgICAgPC9hPgogICAgICAgICAgICA8L2Rpdj4KICAgICAgICAgICAgPGRpdiBjbGFzcz0iY2FyZC1ib2R5IGQtZmxleCBmbGV4LWNvbHVtbiI+CiAgICAgICAgICAgICAgICA8c3BhbiBjbGFzcz0iYmFkZ2UgYmctc2Vjb25kYXJ5IG1iLTIgYWxpZ24tc2VsZi1zdGFydCI+PD9waHAgZWNobyBodG1sc3BlY2lhbGNoYXJzKCRyb3dbJ2NhdGVnb3J5J10pOyA/Pjwvc3Bhbj4KICAgICAgICAgICAgICAgIDxoNiBjbGFzcz0iY2FyZC10aXRsZSB0ZXh0LXdoaXRlIG1iLTIiPjw/cGhwIGVjaG8gaHRtbHNwZWNpYWxjaGFycygkcm93WyduYW1lJ10pOyA/PjwvaDY+CiAgICAgICAgICAgICAgICAKICAgICAgICAgICAgICAgIDw/cGhwIGlmKCRhdmdSYXRpbmcgPiAwKTogPz4KICAgICAgICAgICAgICAgIDxkaXYgY2xhc3M9InJhdGluZyBtYi0yIj4KICAgICAgICAgICAgICAgICAgICA8P3BocCBmb3IoJGkgPSAxOyAkaSA8PSA1OyAkaSsrKTogPz4KICAgICAgICAgICAgICAgICAgICAgICAgPGkgY2xhc3M9ImZhPD9waHAgZWNobyAkaSA8PSByb3VuZCgkYXZnUmF0aW5nKSA/ICdzJyA6ICdyJzsgPz4gZmEtc3RhciI+PC9pPgogICAgICAgICAgICAgICAgICAgIDw/cGhwIGVuZGZvcjsgPz4KICAgICAgICAgICAgICAgICAgICA8c3BhbiBjbGFzcz0idGV4dC1zZWNvbmRhcnkgc21hbGwgbXMtMSI+KDw/cGhwIGVjaG8gJHJldmlld0NvdW50OyA/Pik8L3NwYW4+CiAgICAgICAgICAgICAgICA8L2Rpdj4KICAgICAgICAgICAgICAgIDw/cGhwIGVuZGlmOyA/PgogICAgICAgICAgICAgICAgCiAgICAgICAgICAgICAgICA8ZGl2IGNsYXNzPSJtdC1hdXRvIj4KICAgICAgICAgICAgICAgICAgICA8P3BocCBpZigkZGlzY291bnQgPiAwKTogPz4KICAgICAgICAgICAgICAgICAgICA8c3BhbiBjbGFzcz0idGV4dC1zZWNvbmRhcnkgdGV4dC1kZWNvcmF0aW9uLWxpbmUtdGhyb3VnaCBzbWFsbCI+PD9waHAgZWNobyBudW1iZXJfZm9ybWF0KCRvcmlnaW5hbFByaWNlKTsgPz7sm5A8L3NwYW4+CiAgICAgICAgICAgICAgICAgICAgPD9waHAgZW5kaWY7ID8+CiAgICAgICAgICAgICAgICAgICAgPHAgY2xhc3M9ImNhcmQtdGV4dCB0ZXh0LWRhbmdlciBmdy1ib2xkIGZzLTUgbWItMiI+PD9waHAgZWNobyBudW1iZXJfZm9ybWF0KCRyb3dbJ3ByaWNlJ10pOyA/PuybkDwvcD4KICAgICAgICAgICAgICAgICAgICA8YSBocmVmPSJwcm9kdWN0LnBocD9pZD08P3BocCBlY2hvICRyb3dbJ2lkJ107ID8+IiBjbGFzcz0iYnRuIGJ0bi1zbSBidG4tb3V0bGluZS1saWdodCB3LTEwMCI+7IOB7IS467O06riwPC9hPgogICAgICAgICAgICAgICAgPC9kaXY+CiAgICAgICAgICAgIDwvZGl2PgogICAgICAgIDwvZGl2PgogICAgPC9kaXY+CiAgICA8P3BocCBlbmR3aGlsZTsgPz4KPC9kaXY+Cgo8c2NyaXB0PgpmdW5jdGlvbiB0b2dnbGVXaXNobGlzdChwcm9kdWN0SWQsIGJ0bikgewogICAgZmV0Y2goJ3dpc2hsaXN0X2FwaS5waHA/YWN0aW9uPXRvZ2dsZSZwcm9kdWN0X2lkPScgKyBwcm9kdWN0SWQpCiAgICAgICAgLnRoZW4ociA9PiByLmpzb24oKSkKICAgICAgICAudGhlbihkYXRhID0+IHsKICAgICAgICAgICAgaWYoZGF0YS5hZGRlZCkgewogICAgICAgICAgICAgICAgYnRuLmNsYXNzTGlzdC5hZGQoJ2FjdGl2ZScpOwogICAgICAgICAgICAgICAgYnRuLmlubmVySFRNTCA9ICc8aSBjbGFzcz0iZmFzIGZhLWhlYXJ0Ij48L2k+JzsKICAgICAgICAgICAgfSBlbHNlIHsKICAgICAgICAgICAgICAgIGJ0bi5jbGFzc0xpc3QucmVtb3ZlKCdhY3RpdmUnKTsKICAgICAgICAgICAgICAgIGJ0bi5pbm5lckhUTUwgPSAnPGkgY2xhc3M9ImZhciBmYS1oZWFydCI+PC9pPic7CiAgICAgICAgICAgIH0KICAgICAgICB9KQogICAgICAgIC5jYXRjaChlID0+IGFsZXJ0KCfroZzqt7jsnbjsnbQg7ZWE7JqU7ZWp64uI64ukLicpKTsKfQo8L3NjcmlwdD4KCjw/cGhwIGluY2x1ZGUgJ2Zvb3Rlci5waHAnOyA/PgpFT0YKCiMgVnVsbmVyYWJpbGl0eSAxOiBTUUwgSW5qZWN0aW9uICsgU3RvcmVkIFhTUyAoUmV2aWV3cykKY2F0IDw8J0VPRicgPiAvdmFyL3d3dy9odG1sL3Byb2R1Y3QucGhwCjw/cGhwIAovLyBFbmFibGUgZXJyb3IgZGlzcGxheSBmb3IgU1FMaSB2aXNpYmlsaXR5CmluaV9zZXQoJ2Rpc3BsYXlfZXJyb3JzJywgMSk7CmluaV9zZXQoJ2Rpc3BsYXlfc3RhcnR1cF9lcnJvcnMnLCAxKTsKZXJyb3JfcmVwb3J0aW5nKEVfQUxMKTsKCmluY2x1ZGUgJ2hlYWRlci5waHAnOyAKJGlkID0gJF9HRVRbJ2lkJ10gPz8gMDsKCi8vIFZVTE5FUkFCTEU6IERpcmVjdCBjb25jYXRlbmF0aW9uIG9mIHVzZXIgaW5wdXQgKFNRTCBJbmplY3Rpb24pCiRjb25uID0gZ2V0RGJDb25uZWN0aW9uKCd3cml0ZScpOwokc3FsID0gIlNFTEVDVCAqIEZST00gcHJvZHVjdHMgV0hFUkUgaWQgPSAiIC4gJGlkOyAKJHJlc3VsdCA9ICRjb25uLT5xdWVyeSgkc3FsKTsKCmlmICghJHJlc3VsdCkgewogICAgZWNobyAiPGRpdiBjbGFzcz0nY29udGFpbmVyIG10LTUnPjxkaXYgY2xhc3M9J2FsZXJ0IGFsZXJ0LWRhbmdlcic+PHN0cm9uZz5EQiBFcnJvcjo8L3N0cm9uZz4gIiAuIGh0bWxzcGVjaWFsY2hhcnMoJGNvbm4tPmVycm9yKSAuICI8L2Rpdj48L2Rpdj4iOwogICAgaW5jbHVkZSAnZm9vdGVyLnBocCc7CiAgICBleGl0Owp9CgokcHJvZHVjdCA9ICRyZXN1bHQtPmZldGNoX2Fzc29jKCk7CgovLyBIYW5kbGUgUmV2aWV3IFN1Ym1pc3Npb24KaWYgKCRfU0VSVkVSWydSRVFVRVNUX01FVEhPRCddID09PSAnUE9TVCcgJiYgaXNzZXQoJF9QT1NUWydzdWJtaXRfcmV2aWV3J10pICYmICRjdXJyZW50VXNlcikgewogICAgJHVzZXJuYW1lID0gJGN1cnJlbnRVc2VyWyd1c2VybmFtZSddOwogICAgJHVSZXMgPSAkY29ubi0+cXVlcnkoIlNFTEVDVCBpZCBGUk9NIHVzZXJzIFdIRVJFIHVzZXJuYW1lPSckdXNlcm5hbWUnIik7CiAgICAkdXNlcklkID0gJHVSZXMtPmZldGNoX2Fzc29jKClbJ2lkJ10gPz8gMDsKICAgIAogICAgJHJhdGluZyA9IGludHZhbCgkX1BPU1RbJ3JhdGluZyddID8/IDUpOwogICAgJGNvbnRlbnQgPSAkX1BPU1RbJ2NvbnRlbnQnXSA/PyAnJzsKICAgICRwcm9kdWN0SWQgPSBpbnR2YWwoJF9QT1NUWydwcm9kdWN0X2lkJ10gPz8gMCk7CiAgICAKICAgIGlmICgkdXNlcklkICYmICRwcm9kdWN0SWQgJiYgJGNvbnRlbnQpIHsKICAgICAgICAkc3RtdCA9ICRjb25uLT5wcmVwYXJlKCJJTlNFUlQgSU5UTyByZXZpZXdzIChwcm9kdWN0X2lkLCB1c2VyX2lkLCByYXRpbmcsIGNvbnRlbnQpIFZBTFVFUyAoPywgPywgPywgPykiKTsKICAgICAgICAkc3RtdC0+YmluZF9wYXJhbSgiaWlpcyIsICRwcm9kdWN0SWQsICR1c2VySWQsICRyYXRpbmcsICRjb250ZW50KTsKICAgICAgICAkc3RtdC0+ZXhlY3V0ZSgpOwogICAgICAgIGVjaG8gIjxzY3JpcHQ+bG9jYXRpb24uaHJlZj0ncHJvZHVjdC5waHA/aWQ9JHByb2R1Y3RJZCNyZXZpZXdzJzs8L3NjcmlwdD4iOwogICAgICAgIGV4aXQ7CiAgICB9Cn0KCi8vIEdldCBhdmVyYWdlIHJhdGluZwokYXZnUmVzdWx0ID0gJGNvbm4tPnF1ZXJ5KCJTRUxFQ1QgQVZHKHJhdGluZykgYXMgYXZnX3JhdGluZywgQ09VTlQoKikgYXMgcmV2aWV3X2NvdW50IEZST00gcmV2aWV3cyBXSEVSRSBwcm9kdWN0X2lkID0gIiAuIGludHZhbCgkaWQpKTsKJGF2Z0RhdGEgPSAkYXZnUmVzdWx0LT5mZXRjaF9hc3NvYygpOwokYXZnUmF0aW5nID0gcm91bmQoJGF2Z0RhdGFbJ2F2Z19yYXRpbmcnXSA/PyAwLCAxKTsKJHJldmlld0NvdW50ID0gJGF2Z0RhdGFbJ3Jldmlld19jb3VudCddID8/IDA7CgovLyBHZXQgcmV2aWV3cwokcmV2aWV3cyA9ICRjb25uLT5xdWVyeSgiU0VMRUNUIHIuKiwgdS51c2VybmFtZSwgdS5yZWFsX25hbWUgRlJPTSByZXZpZXdzIHIgSk9JTiB1c2VycyB1IE9OIHIudXNlcl9pZCA9IHUuaWQgV0hFUkUgci5wcm9kdWN0X2lkID0gIiAuIGludHZhbCgkaWQpIC4gIiBPUkRFUiBCWSByLmNyZWF0ZWRfYXQgREVTQyIpOwo/PgoKPGRpdiBjbGFzcz0iY29udGFpbmVyIG10LTQiPgogICAgPD9waHAgaWYoaXNzZXQoJHByb2R1Y3QpICYmICRwcm9kdWN0KTogPz4KICAgIDxkaXYgY2xhc3M9InJvdyI+CiAgICAgICAgPGRpdiBjbGFzcz0iY29sLW1kLTYiPgogICAgICAgICAgICA8aW1nIHNyYz0iPD9waHAgZWNobyBodG1sc3BlY2lhbGNoYXJzKCRwcm9kdWN0WydpbWFnZV91cmwnXSk7ID8+IiBjbGFzcz0iaW1nLWZsdWlkIHJvdW5kZWQgc2hhZG93IiBhbHQ9Ii4uLiIgc3R5bGU9Im1heC1oZWlnaHQ6IDUwMHB4OyB3aWR0aDogMTAwJTsgb2JqZWN0LWZpdDogY292ZXI7Ij4KICAgICAgICA8L2Rpdj4KICAgICAgICA8ZGl2IGNsYXNzPSJjb2wtbWQtNiI+CiAgICAgICAgICAgIDxuYXYgYXJpYS1sYWJlbD0iYnJlYWRjcnVtYiIgY2xhc3M9Im1iLTMiPgogICAgICAgICAgICAgICAgPG9sIGNsYXNzPSJicmVhZGNydW1iIj4KICAgICAgICAgICAgICAgICAgICA8bGkgY2xhc3M9ImJyZWFkY3J1bWItaXRlbSI+PGEgaHJlZj0iLyIgY2xhc3M9InRleHQtc2Vjb25kYXJ5Ij7tmYg8L2E+PC9saT4KICAgICAgICAgICAgICAgICAgICA8bGkgY2xhc3M9ImJyZWFkY3J1bWItaXRlbSI+PGEgaHJlZj0iLz9jYXRlZ29yeT08P3BocCBlY2hvIHVybGVuY29kZSgkcHJvZHVjdFsnY2F0ZWdvcnknXSk7ID8+IiBjbGFzcz0idGV4dC1zZWNvbmRhcnkiPjw/cGhwIGVjaG8gaHRtbHNwZWNpYWxjaGFycygkcHJvZHVjdFsnY2F0ZWdvcnknXSk7ID8+PC9hPjwvbGk+CiAgICAgICAgICAgICAgICAgICAgPGxpIGNsYXNzPSJicmVhZGNydW1iLWl0ZW0gYWN0aXZlIHRleHQtd2hpdGUiPjw/cGhwIGVjaG8gaHRtbHNwZWNpYWxjaGFycygkcHJvZHVjdFsnbmFtZSddKTsgPz48L2xpPgogICAgICAgICAgICAgICAgPC9vbD4KICAgICAgICAgICAgPC9uYXY+CiAgICAgICAgICAgIAogICAgICAgICAgICA8c3BhbiBjbGFzcz0iYmFkZ2UgYmctc2Vjb25kYXJ5IG1iLTIiPjw/cGhwIGVjaG8gaHRtbHNwZWNpYWxjaGFycygkcHJvZHVjdFsnY2F0ZWdvcnknXSk7ID8+PC9zcGFuPgogICAgICAgICAgICA8aDIgY2xhc3M9ImZ3LWJvbGQiPjw/cGhwIGVjaG8gaHRtbHNwZWNpYWxjaGFycygkcHJvZHVjdFsnbmFtZSddKTsgPz48L2gyPgogICAgICAgICAgICAKICAgICAgICAgICAgPCEtLSBSYXRpbmcgRGlzcGxheSAtLT4KICAgICAgICAgICAgPGRpdiBjbGFzcz0iZC1mbGV4IGFsaWduLWl0ZW1zLWNlbnRlciBnYXAtMiBteS0zIj4KICAgICAgICAgICAgICAgIDxkaXYgY2xhc3M9InN0YXItcmF0aW5nIGZzLTUiPgogICAgICAgICAgICAgICAgICAgIDw/cGhwIGZvcigkaSA9IDE7ICRpIDw9IDU7ICRpKyspOiA/PgogICAgICAgICAgICAgICAgICAgICAgICA8aSBjbGFzcz0iZmE8P3BocCBlY2hvICRpIDw9IHJvdW5kKCRhdmdSYXRpbmcpID8gJ3MnIDogJ3InOyA/PiBmYS1zdGFyIj48L2k+CiAgICAgICAgICAgICAgICAgICAgPD9waHAgZW5kZm9yOyA/PgogICAgICAgICAgICAgICAgPC9kaXY+CiAgICAgICAgICAgICAgICA8c3BhbiBjbGFzcz0idGV4dC13YXJuaW5nIGZ3LWJvbGQiPjw/cGhwIGVjaG8gJGF2Z1JhdGluZzsgPz48L3NwYW4+CiAgICAgICAgICAgICAgICA8c3BhbiBjbGFzcz0idGV4dC1zZWNvbmRhcnkiPig8P3BocCBlY2hvICRyZXZpZXdDb3VudDsgPz7qsJwg66as67ewKTwvc3Bhbj4KICAgICAgICAgICAgPC9kaXY+CiAgICAgICAgICAgIAogICAgICAgICAgICA8cCBjbGFzcz0ibGVhZCB0ZXh0LXNlY29uZGFyeSI+PD9waHAgZWNobyBodG1sc3BlY2lhbGNoYXJzKCRwcm9kdWN0WydkZXNjcmlwdGlvbiddKTsgPz48L3A+CiAgICAgICAgICAgIDxoMyBjbGFzcz0idGV4dC1kYW5nZXIgbXktNCBmdy1ib2xkIj48P3BocCBlY2hvIG51bWJlcl9mb3JtYXQoJHByb2R1Y3RbJ3ByaWNlJ10pOyA/PuybkDwvaDM+CiAgICAgICAgICAgIAogICAgICAgICAgICA8Zm9ybSBhY3Rpb249ImNhcnQucGhwIiBtZXRob2Q9IlBPU1QiIGNsYXNzPSJtYi0zIj4KICAgICAgICAgICAgICAgIDxpbnB1dCB0eXBlPSJoaWRkZW4iIG5hbWU9ImFjdGlvbiIgdmFsdWU9ImFkZCI+CiAgICAgICAgICAgICAgICA8aW5wdXQgdHlwZT0iaGlkZGVuIiBuYW1lPSJwcm9kdWN0X2lkIiB2YWx1ZT0iPD9waHAgZWNobyAkcHJvZHVjdFsnaWQnXTsgPz4iPgogICAgICAgICAgICAgICAgPGRpdiBjbGFzcz0iZC1mbGV4IGdhcC0yIj4KICAgICAgICAgICAgICAgICAgICA8aW5wdXQgdHlwZT0ibnVtYmVyIiBuYW1lPSJxdWFudGl0eSIgdmFsdWU9IjEiIG1pbj0iMSIgY2xhc3M9ImZvcm0tY29udHJvbCBiZy1kYXJrIHRleHQtd2hpdGUgYm9yZGVyLXNlY29uZGFyeSIgc3R5bGU9IndpZHRoOiA4MHB4OyI+CiAgICAgICAgICAgICAgICAgICAgPGJ1dHRvbiBjbGFzcz0iYnRuIGJ0bi1sdXBhbmcgZmxleC1ncm93LTEiPjxpIGNsYXNzPSJmYXMgZmEtc2hvcHBpbmctY2FydCBtZS0yIj48L2k+7J6l67CU6rWs64uIIOuLtOq4sDwvYnV0dG9uPgogICAgICAgICAgICAgICAgPC9kaXY+CiAgICAgICAgICAgIDwvZm9ybT4KICAgICAgICAgICAgCiAgICAgICAgICAgIDxidXR0b24gY2xhc3M9ImJ0biBidG4tb3V0bGluZS1kYW5nZXIgdy0xMDAiIG9uY2xpY2s9InRvZ2dsZVdpc2hsaXN0KDw/cGhwIGVjaG8gJHByb2R1Y3RbJ2lkJ107ID8+LCB0aGlzKSI+CiAgICAgICAgICAgICAgICA8aSBjbGFzcz0iZmFyIGZhLWhlYXJ0IG1lLTIiPjwvaT7snITsi5zrpqzsiqTtirjsl5Ag7LaU6rCACiAgICAgICAgICAgIDwvYnV0dG9uPgogICAgICAgIDwvZGl2PgogICAgPC9kaXY+CiAgICAKICAgIDxociBjbGFzcz0ibXktNSBib3JkZXItc2Vjb25kYXJ5Ij4KICAgIAogICAgPCEtLSBSZXZpZXdzIFNlY3Rpb24gLS0+CiAgICA8ZGl2IGlkPSJyZXZpZXdzIj4KICAgICAgICA8aDMgY2xhc3M9Im1iLTQiPgogICAgICAgICAgICA8aSBjbGFzcz0iZmFzIGZhLWNvbW1lbnRzIG1lLTIiPjwvaT7sg4Htkogg66as67ewIAogICAgICAgICAgICA8c3BhbiBjbGFzcz0iYmFkZ2UgYmctZGFuZ2VyIj48P3BocCBlY2hvICRyZXZpZXdDb3VudDsgPz48L3NwYW4+CiAgICAgICAgPC9oMz4KICAgICAgICAKICAgICAgICAKICAgICAgICA8P3BocCBpZigkY3VycmVudFVzZXIpOiA/PgogICAgICAgIDwhLS0gUmV2aWV3IEZvcm0gLS0+CiAgICAgICAgPGRpdiBjbGFzcz0iY2FyZCBiZy1kYXJrIGJvcmRlci1zZWNvbmRhcnkgbWItNCI+CiAgICAgICAgICAgIDxkaXYgY2xhc3M9ImNhcmQtaGVhZGVyIGJvcmRlci1zZWNvbmRhcnkiPgogICAgICAgICAgICAgICAgPGkgY2xhc3M9ImZhcyBmYS1lZGl0IG1lLTIiPjwvaT7rpqzrt7Ag7J6R7ISxCiAgICAgICAgICAgIDwvZGl2PgogICAgICAgICAgICA8ZGl2IGNsYXNzPSJjYXJkLWJvZHkiPgogICAgICAgICAgICAgICAgPGZvcm0gbWV0aG9kPSJQT1NUIj4KICAgICAgICAgICAgICAgICAgICA8aW5wdXQgdHlwZT0iaGlkZGVuIiBuYW1lPSJwcm9kdWN0X2lkIiB2YWx1ZT0iPD9waHAgZWNobyAkcHJvZHVjdFsnaWQnXTsgPz4iPgogICAgICAgICAgICAgICAgICAgIDxkaXYgY2xhc3M9Im1iLTMiPgogICAgICAgICAgICAgICAgICAgICAgICA8bGFiZWwgY2xhc3M9ImZvcm0tbGFiZWwiPu2PieygkDwvbGFiZWw+CiAgICAgICAgICAgICAgICAgICAgICAgIDxkaXYgY2xhc3M9InN0YXItcmF0aW5nLWlucHV0IGZzLTQiPgogICAgICAgICAgICAgICAgICAgICAgICAgICAgPD9waHAgZm9yKCRpID0gNTsgJGkgPj0gMTsgJGktLSk6ID8+CiAgICAgICAgICAgICAgICAgICAgICAgICAgICA8aW5wdXQgdHlwZT0icmFkaW8iIG5hbWU9InJhdGluZyIgdmFsdWU9Ijw/cGhwIGVjaG8gJGk7ID8+IiBpZD0ic3Rhcjw/cGhwIGVjaG8gJGk7ID8+IiA8P3BocCBlY2hvICRpID09PSA1ID8gJ2NoZWNrZWQnIDogJyc7ID8+PgogICAgICAgICAgICAgICAgICAgICAgICAgICAgPGxhYmVsIGZvcj0ic3Rhcjw/cGhwIGVjaG8gJGk7ID8+Ij48aSBjbGFzcz0iZmFzIGZhLXN0YXIiPjwvaT48L2xhYmVsPgogICAgICAgICAgICAgICAgICAgICAgICAgICAgPD9waHAgZW5kZm9yOyA/PgogICAgICAgICAgICAgICAgICAgICAgICA8L2Rpdj4KICAgICAgICAgICAgICAgICAgICAgICAgPHN0eWxlPgogICAgICAgICAgICAgICAgICAgICAgICAgICAgLnN0YXItcmF0aW5nLWlucHV0IHsgZGlzcGxheTogZmxleDsgZmxleC1kaXJlY3Rpb246IHJvdy1yZXZlcnNlOyBqdXN0aWZ5LWNvbnRlbnQ6IGZsZXgtZW5kOyB9CiAgICAgICAgICAgICAgICAgICAgICAgICAgICAuc3Rhci1yYXRpbmctaW5wdXQgaW5wdXQgeyBkaXNwbGF5OiBub25lOyB9CiAgICAgICAgICAgICAgICAgICAgICAgICAgICAuc3Rhci1yYXRpbmctaW5wdXQgbGFiZWwgeyBjdXJzb3I6IHBvaW50ZXI7IGNvbG9yOiAjNTU1OyB0cmFuc2l0aW9uOiAwLjJzOyB9CiAgICAgICAgICAgICAgICAgICAgICAgICAgICAuc3Rhci1yYXRpbmctaW5wdXQgbGFiZWw6aG92ZXIsIC5zdGFyLXJhdGluZy1pbnB1dCBsYWJlbDpob3ZlciB+IGxhYmVsLAogICAgICAgICAgICAgICAgICAgICAgICAgICAgLnN0YXItcmF0aW5nLWlucHV0IGlucHV0OmNoZWNrZWQgfiBsYWJlbCB7IGNvbG9yOiAjZmZjMTA3OyB9CiAgICAgICAgICAgICAgICAgICAgICAgIDwvc3R5bGU+CiAgICAgICAgICAgICAgICAgICAgPC9kaXY+CiAgICAgICAgICAgICAgICAgICAgPGRpdiBjbGFzcz0ibWItMyI+CiAgICAgICAgICAgICAgICAgICAgICAgIDxsYWJlbCBjbGFzcz0iZm9ybS1sYWJlbCI+66as67ewIOuCtOyaqTwvbGFiZWw+CiAgICAgICAgICAgICAgICAgICAgICAgIDx0ZXh0YXJlYSBuYW1lPSJjb250ZW50IiBjbGFzcz0iZm9ybS1jb250cm9sIGJnLWRhcmsgdGV4dC13aGl0ZSBib3JkZXItc2Vjb25kYXJ5IiByb3dzPSIzIiBwbGFjZWhvbGRlcj0i7IOB7ZKI7JeQIOuMgO2VnCDshpTsp4HtlZwg66as67ew66W8IOyekeyEse2VtOyjvOyEuOyalC4uLiIgcmVxdWlyZWQ+PC90ZXh0YXJlYT4KICAgICAgICAgICAgICAgICAgICA8L2Rpdj4KICAgICAgICAgICAgICAgICAgICA8YnV0dG9uIHR5cGU9InN1Ym1pdCIgbmFtZT0ic3VibWl0X3JldmlldyIgY2xhc3M9ImJ0biBidG4tbHVwYW5nIj4KICAgICAgICAgICAgICAgICAgICAgICAgPGkgY2xhc3M9ImZhcyBmYS1wYXBlci1wbGFuZSBtZS0yIj48L2k+66as67ewIOuTseuhnQogICAgICAgICAgICAgICAgICAgIDwvYnV0dG9uPgogICAgICAgICAgICAgICAgPC9mb3JtPgogICAgICAgICAgICA8L2Rpdj4KICAgICAgICA8L2Rpdj4KICAgICAgICA8P3BocCBlbHNlOiA/PgogICAgICAgIDxkaXYgY2xhc3M9ImFsZXJ0IGFsZXJ0LXNlY29uZGFyeSI+CiAgICAgICAgICAgIDxhIGhyZWY9ImxvZ2luLnBocCIgY2xhc3M9ImFsZXJ0LWxpbmsiPuuhnOq3uOyduDwvYT7tlZjsi5zrqbQg66as67ew66W8IOyekeyEse2VoCDsiJgg7J6I7Iq164uI64ukLgogICAgICAgIDwvZGl2PgogICAgICAgIDw/cGhwIGVuZGlmOyA/PgogICAgICAgIAogICAgICAgIDwhLS0gUmV2aWV3IExpc3QgLS0+CiAgICAgICAgPD9waHAgaWYoJHJldmlld3MtPm51bV9yb3dzID4gMCk6ID8+CiAgICAgICAgPGRpdiBjbGFzcz0ibGlzdC1ncm91cCI+CiAgICAgICAgICAgIDw/cGhwIHdoaWxlKCRyZXZpZXcgPSAkcmV2aWV3cy0+ZmV0Y2hfYXNzb2MoKSk6ID8+CiAgICAgICAgICAgIDxkaXYgY2xhc3M9Imxpc3QtZ3JvdXAtaXRlbSBiZy1kYXJrIHRleHQtd2hpdGUgYm9yZGVyLXNlY29uZGFyeSBtYi0yIHJvdW5kZWQiPgogICAgICAgICAgICAgICAgPGRpdiBjbGFzcz0iZC1mbGV4IGp1c3RpZnktY29udGVudC1iZXR3ZWVuIGFsaWduLWl0ZW1zLXN0YXJ0Ij4KICAgICAgICAgICAgICAgICAgICA8ZGl2PgogICAgICAgICAgICAgICAgICAgICAgICA8ZGl2IGNsYXNzPSJzdGFyLXJhdGluZyBzbWFsbCBtYi0xIj4KICAgICAgICAgICAgICAgICAgICAgICAgICAgIDw/cGhwIGZvcigkaSA9IDE7ICRpIDw9IDU7ICRpKyspOiA/PgogICAgICAgICAgICAgICAgICAgICAgICAgICAgICAgIDxpIGNsYXNzPSJmYTw/cGhwIGVjaG8gJGkgPD0gJHJldmlld1sncmF0aW5nJ10gPyAncycgOiAncic7ID8+IGZhLXN0YXIiPjwvaT4KICAgICAgICAgICAgICAgICAgICAgICAgICAgIDw/cGhwIGVuZGZvcjsgPz4KICAgICAgICAgICAgICAgICAgICAgICAgPC9kaXY+CiAgICAgICAgICAgICAgICAgICAgICAgIDxzdHJvbmc+PD9waHAgZWNobyBodG1sc3BlY2lhbGNoYXJzKCRyZXZpZXdbJ3JlYWxfbmFtZSddID8/ICRyZXZpZXdbJ3VzZXJuYW1lJ10pOyA/Pjwvc3Ryb25nPgogICAgICAgICAgICAgICAgICAgIDwvZGl2PgogICAgICAgICAgICAgICAgICAgIDxzbWFsbCBjbGFzcz0idGV4dC1zZWNvbmRhcnkiPjw/cGhwIGVjaG8gZGF0ZSgnWS5tLmQnLCBzdHJ0b3RpbWUoJHJldmlld1snY3JlYXRlZF9hdCddKSk7ID8+PC9zbWFsbD4KICAgICAgICAgICAgICAgIDwvZGl2PgogICAgICAgICAgICAgICAgPCEtLSBWVUxORVJBQkxFOiBYU1MgLSBObyBodG1sc3BlY2lhbGNoYXJzIG9uIGNvbnRlbnQgLS0+CiAgICAgICAgICAgICAgICA8cCBjbGFzcz0ibXQtMiBtYi0wIj48P3BocCBlY2hvICRyZXZpZXdbJ2NvbnRlbnQnXTsgPz48L3A+CiAgICAgICAgICAgIDwvZGl2PgogICAgICAgICAgICA8P3BocCBlbmR3aGlsZTsgPz4KICAgICAgICA8L2Rpdj4KICAgICAgICA8P3BocCBlbHNlOiA/PgogICAgICAgIDxkaXYgY2xhc3M9InRleHQtY2VudGVyIHB5LTUgdGV4dC1zZWNvbmRhcnkiPgogICAgICAgICAgICA8aSBjbGFzcz0iZmFyIGZhLWNvbW1lbnQtZG90cyBmYS00eCBtYi0zIj48L2k+CiAgICAgICAgICAgIDxwPuyVhOyngSDrpqzrt7DqsIAg7JeG7Iq164uI64ukLiDssqsg67KI7Ke4IOumrOu3sOulvCDsnpHshLHtlbTrs7TshLjsmpQhPC9wPgogICAgICAgIDwvZGl2PgogICAgICAgIDw/cGhwIGVuZGlmOyA/PgogICAgPC9kaXY+CiAgICAKICAgIDw/cGhwIGVsc2U6ID8+CiAgICAgICAgPGRpdiBjbGFzcz0iYWxlcnQgYWxlcnQtd2FybmluZyI+7IOB7ZKI7J2EIOywvuydhCDsiJgg7JeG7Iq164uI64ukLiAoSUQ6IDw/cGhwIGVjaG8gaHRtbHNwZWNpYWxjaGFycygkaWQpOyA/Pik8L2Rpdj4KICAgIDw/cGhwIGVuZGlmOyA/Pgo8L2Rpdj4KCjxzY3JpcHQ+CmZ1bmN0aW9uIHRvZ2dsZVdpc2hsaXN0KHByb2R1Y3RJZCwgYnRuKSB7CiAgICBmZXRjaCgnd2lzaGxpc3RfYXBpLnBocD9hY3Rpb249dG9nZ2xlJnByb2R1Y3RfaWQ9JyArIHByb2R1Y3RJZCkKICAgICAgICAudGhlbihyID0+IHIuanNvbigpKQogICAgICAgIC50aGVuKGRhdGEgPT4gewogICAgICAgICAgICBpZihkYXRhLmFkZGVkKSB7CiAgICAgICAgICAgICAgICBidG4uaW5uZXJIVE1MID0gJzxpIGNsYXNzPSJmYXMgZmEtaGVhcnQgbWUtMiI+PC9pPuychOyLnOumrOyKpO2KuOyXkOyEnCDsoJzqsbAnOwogICAgICAgICAgICAgICAgYnRuLmNsYXNzTGlzdC5yZW1vdmUoJ2J0bi1vdXRsaW5lLWRhbmdlcicpOwogICAgICAgICAgICAgICAgYnRuLmNsYXNzTGlzdC5hZGQoJ2J0bi1kYW5nZXInKTsKICAgICAgICAgICAgfSBlbHNlIHsKICAgICAgICAgICAgICAgIGJ0bi5pbm5lckhUTUwgPSAnPGkgY2xhc3M9ImZhciBmYS1oZWFydCBtZS0yIj48L2k+7JyE7Iuc66as7Iqk7Yq47JeQIOy2lOqwgCc7CiAgICAgICAgICAgICAgICBidG4uY2xhc3NMaXN0LnJlbW92ZSgnYnRuLWRhbmdlcicpOwogICAgICAgICAgICAgICAgYnRuLmNsYXNzTGlzdC5hZGQoJ2J0bi1vdXRsaW5lLWRhbmdlcicpOwogICAgICAgICAgICB9CiAgICAgICAgfSkKICAgICAgICAuY2F0Y2goZSA9PiBhbGVydCgn66Gc6re47J247J20IO2VhOyalO2VqeuLiOuLpC4nKSk7Cn0KPC9zY3JpcHQ+Cgo8P3BocCBpbmNsdWRlICdmb290ZXIucGhwJzsgPz4KRU9GCgpjYXQgPDwnRU9GJyA+IC92YXIvd3d3L2h0bWwvY2FydC5waHAKPD9waHAKaW5jbHVkZSAnaGVhZGVyLnBocCc7CmlmICghJGN1cnJlbnRVc2VyKSB7CiAgICBlY2hvICI8c2NyaXB0PmFsZXJ0KCfroZzqt7jsnbjsnbQg7ZWE7JqU7ZWp64uI64ukLicpOyBsb2NhdGlvbi5ocmVmPSdsb2dpbi5waHAnOzwvc2NyaXB0PiI7CiAgICBleGl0Owp9CgokY29ubiA9IGdldERiQ29ubmVjdGlvbignd3JpdGUnKTsKLy8gR2V0IFVzZXIgSUQgZnJvbSBzZWVkX3VzZXJzIGxvZ2ljIG9yIHNlc3Npb24uIAovLyBGb3Igc2ltcGxpY2l0eSwgcXVlcnkgdXNlciBieSB1c2VybmFtZSBmcm9tIGNvb2tpZQokdXNlcm5hbWUgPSAkY3VycmVudFVzZXJbJ3VzZXJuYW1lJ107CiR1UmVzID0gJGNvbm4tPnF1ZXJ5KCJTRUxFQ1QgaWQgRlJPTSB1c2VycyBXSEVSRSB1c2VybmFtZT0nJHVzZXJuYW1lJyIpOwokdXNlcklkID0gJHVSZXMtPmZldGNoX2Fzc29jKClbJ2lkJ107CgppZiAoJF9TRVJWRVJbJ1JFUVVFU1RfTUVUSE9EJ10gPT09ICdQT1NUJykgewogICAgJGFjdGlvbiA9ICRfUE9TVFsnYWN0aW9uJ10gPz8gJyc7CiAgICBpZiAoJGFjdGlvbiA9PT0gJ2FkZCcpIHsKICAgICAgICAkcGlkID0gJF9QT1NUWydwcm9kdWN0X2lkJ107CiAgICAgICAgJHF0eSA9ICRfUE9TVFsncXVhbnRpdHknXTsKICAgICAgICAvLyBVcHNlcnQgY2FydAogICAgICAgICRzcWwgPSAiSU5TRVJUIElOVE8gY2FydCAodXNlcl9pZCwgcHJvZHVjdF9pZCwgcXVhbnRpdHkpIFZBTFVFUyAoJHVzZXJJZCwgJHBpZCwgJHF0eSkgCiAgICAgICAgICAgICAgICBPTiBEVVBMSUNBVEUgS0VZIFVQREFURSBxdWFudGl0eSA9IHF1YW50aXR5ICsgJHF0eSI7CiAgICAgICAgJGNvbm4tPnF1ZXJ5KCRzcWwpOwogICAgICAgIGVjaG8gIjxzY3JpcHQ+bG9jYXRpb24uaHJlZj0nY2FydC5waHAnOzwvc2NyaXB0PiI7CiAgICB9IGVsc2VpZiAoJGFjdGlvbiA9PT0gJ2RlbGV0ZScpIHsKICAgICAgICAkY2lkID0gJF9QT1NUWydjYXJ0X2lkJ107CiAgICAgICAgJGNvbm4tPnF1ZXJ5KCJERUxFVEUgRlJPTSBjYXJ0IFdIRVJFIGlkPSRjaWQgQU5EIHVzZXJfaWQ9JHVzZXJJZCIpOwogICAgfSBlbHNlaWYgKCRhY3Rpb24gPT09ICdjaGVja291dCcpIHsKICAgICAgICAgLy8gQ3JlYXRlIE9yZGVyCiAgICAgICAgICR0b3RhbCA9ICRfUE9TVFsndG90YWxfYW1vdW50J107CiAgICAgICAgICRjb25uLT5xdWVyeSgiSU5TRVJUIElOVE8gb3JkZXJzICh1c2VyX2lkLCB0b3RhbF9hbW91bnQpIFZBTFVFUyAoJHVzZXJJZCwgJHRvdGFsKSIpOwogICAgICAgICAkb3JkZXJJZCA9ICRjb25uLT5pbnNlcnRfaWQ7CiAgICAgICAgIAogICAgICAgICAvLyBNb3ZlIEl0ZW1zCiAgICAgICAgICRjUmVzID0gJGNvbm4tPnF1ZXJ5KCJTRUxFQ1QgYy4qLCBwLnByaWNlIEZST00gY2FydCBjIEpPSU4gcHJvZHVjdHMgcCBPTiBjLnByb2R1Y3RfaWQgPSBwLmlkIFdIRVJFIGMudXNlcl9pZD0kdXNlcklkIik7CiAgICAgICAgIHdoaWxlKCRyb3cgPSAkY1Jlcy0+ZmV0Y2hfYXNzb2MoKSkgewogICAgICAgICAgICAgJGNvbm4tPnF1ZXJ5KCJJTlNFUlQgSU5UTyBvcmRlcl9pdGVtcyAob3JkZXJfaWQsIHByb2R1Y3RfaWQsIHF1YW50aXR5LCBwcmljZSkgVkFMVUVTICgkb3JkZXJJZCwgeyRyb3dbJ3Byb2R1Y3RfaWQnXX0sIHskcm93WydxdWFudGl0eSddfSwgeyRyb3dbJ3ByaWNlJ119KSIpOwogICAgICAgICB9CiAgICAgICAgIAogICAgICAgICAvLyBDbGVhciBDYXJ0CiAgICAgICAgICRjb25uLT5xdWVyeSgiREVMRVRFIEZST00gY2FydCBXSEVSRSB1c2VyX2lkPSR1c2VySWQiKTsKICAgICAgICAgZWNobyAiPHNjcmlwdD5hbGVydCgn7KO866y47J20IOyZhOujjOuQmOyXiOyKteuLiOuLpCEnKTsgbG9jYXRpb24uaHJlZj0nbXlwYWdlLnBocCc7PC9zY3JpcHQ+IjsKICAgIH0KfQo/Pgo8ZGl2IGNsYXNzPSJjb250YWluZXIiPgogICAgPGgyIGNsYXNzPSJtYi00Ij5TaG9wcGluZyBDYXJ0PC9oMj4KICAgIDx0YWJsZSBjbGFzcz0idGFibGUgdGFibGUtZGFyayB0YWJsZS1ob3ZlciI+CiAgICAgICAgPHRoZWFkPjx0cj48dGg+UHJvZHVjdDwvdGg+PHRoPlByaWNlPC90aD48dGg+UXR5PC90aD48dGg+VG90YWw8L3RoPjx0aD5BY3Rpb248L3RoPjwvdHI+PC90aGVhZD4KICAgICAgICA8dGJvZHk+CiAgICAgICAgPD9waHAKICAgICAgICAkc3FsID0gIlNFTEVDVCBjLmlkIGFzIGNhcnRfaWQsIHAubmFtZSwgcC5wcmljZSwgYy5xdWFudGl0eSBGUk9NIGNhcnQgYyBKT0lOIHByb2R1Y3RzIHAgT04gYy5wcm9kdWN0X2lkID0gcC5pZCBXSEVSRSBjLnVzZXJfaWQgPSAkdXNlcklkIjsKICAgICAgICAkcmVzdWx0ID0gJGNvbm4tPnF1ZXJ5KCRzcWwpOwogICAgICAgICRncmFuZFRvdGFsID0gMDsKICAgICAgICB3aGlsZSgkcm93ID0gJHJlc3VsdC0+ZmV0Y2hfYXNzb2MoKSkgewogICAgICAgICAgICAkc3ViID0gJHJvd1sncHJpY2UnXSAqICRyb3dbJ3F1YW50aXR5J107CiAgICAgICAgICAgICRncmFuZFRvdGFsICs9ICRzdWI7CiAgICAgICAgICAgIGVjaG8gIjx0cj4KICAgICAgICAgICAgICAgIDx0ZD57JHJvd1snbmFtZSddfTwvdGQ+CiAgICAgICAgICAgICAgICA8dGQ+Ii5udW1iZXJfZm9ybWF0KCRyb3dbJ3ByaWNlJ10pLiI8L3RkPgogICAgICAgICAgICAgICAgPHRkPnskcm93WydxdWFudGl0eSddfTwvdGQ+CiAgICAgICAgICAgICAgICA8dGQ+Ii5udW1iZXJfZm9ybWF0KCRzdWIpLiI8L3RkPgogICAgICAgICAgICAgICAgPHRkPgogICAgICAgICAgICAgICAgICAgIDxmb3JtIG1ldGhvZD0nUE9TVCcgc3R5bGU9J2Rpc3BsYXk6aW5saW5lOyc+CiAgICAgICAgICAgICAgICAgICAgICAgIDxpbnB1dCB0eXBlPSdoaWRkZW4nIG5hbWU9J2FjdGlvbicgdmFsdWU9J2RlbGV0ZSc+CiAgICAgICAgICAgICAgICAgICAgICAgIDxpbnB1dCB0eXBlPSdoaWRkZW4nIG5hbWU9J2NhcnRfaWQnIHZhbHVlPSd7JHJvd1snY2FydF9pZCddfSc+CiAgICAgICAgICAgICAgICAgICAgICAgIDxidXR0b24gY2xhc3M9J2J0biBidG4tc20gYnRuLWRhbmdlcic+RGVsPC9idXR0b24+CiAgICAgICAgICAgICAgICAgICAgPC9mb3JtPgogICAgICAgICAgICAgICAgPC90ZD4KICAgICAgICAgICAgPC90cj4iOwogICAgICAgIH0KICAgICAgICA/PgogICAgICAgIDwvdGJvZHk+CiAgICA8L3RhYmxlPgogICAgPGRpdiBjbGFzcz0iZC1mbGV4IGp1c3RpZnktY29udGVudC1lbmQgYWxpZ24taXRlbXMtY2VudGVyIGdhcC0zIj4KICAgICAgICA8aDM+VG90YWw6IDw/cGhwIGVjaG8gbnVtYmVyX2Zvcm1hdCgkZ3JhbmRUb3RhbCk7ID8+7JuQPC9oMz4KICAgICAgICA8P3BocCBpZigkZ3JhbmRUb3RhbCA+IDApOiA/PgogICAgICAgIDxmb3JtIG1ldGhvZD0iUE9TVCI+CiAgICAgICAgICAgIDxpbnB1dCB0eXBlPSJoaWRkZW4iIG5hbWU9ImFjdGlvbiIgdmFsdWU9ImNoZWNrb3V0Ij4KICAgICAgICAgICAgPGlucHV0IHR5cGU9ImhpZGRlbiIgbmFtZT0idG90YWxfYW1vdW50IiB2YWx1ZT0iPD9waHAgZWNobyAkZ3JhbmRUb3RhbDsgPz4iPgogICAgICAgICAgICA8YnV0dG9uIGNsYXNzPSJidG4gYnRuLWx1cGFuZyBidG4tbGciPuqysOygnO2VmOq4sDwvYnV0dG9uPgogICAgICAgIDwvZm9ybT4KICAgICAgICA8P3BocCBlbmRpZjsgPz4KICAgIDwvZGl2Pgo8L2Rpdj4KPD9waHAgaW5jbHVkZSAnZm9vdGVyLnBocCc7ID8+CkVPRgoKY2F0IDw8J0VPRicgPiAvdmFyL3d3dy9odG1sL215cGFnZS5waHAKPD9waHAKaW5jbHVkZSAnaGVhZGVyLnBocCc7Ci8vIEZpbGUgVXBsb2FkIFZ1bG5lcmFiaWxpdHkKaWYgKCRfU0VSVkVSWydSRVFVRVNUX01FVEhPRCddID09PSAnUE9TVCcgJiYgaXNzZXQoJF9GSUxFU1sncHJvZmlsZV9waWMnXSkpIHsKICAgICR0YXJnZXRfZGlyID0gInVwbG9hZHMvIjsKICAgICR0YXJnZXRfZmlsZSA9ICR0YXJnZXRfZGlyIC4gYmFzZW5hbWUoJF9GSUxFU1sicHJvZmlsZV9waWMiXVsibmFtZSJdKTsKICAgIGlmKG1vdmVfdXBsb2FkZWRfZmlsZSgkX0ZJTEVTWyJwcm9maWxlX3BpYyJdWyJ0bXBfbmFtZSJdLCAkdGFyZ2V0X2ZpbGUpKSB7CiAgICAgICAgZWNobyAiPGRpdiBjbGFzcz0nYWxlcnQgYWxlcnQtc3VjY2Vzcyc+7ZSE66Gc7ZWEIOyCrOynhOydtCDsl4XrjbDsnbTtirgg65CY7JeI7Iq164uI64ukLiAo7JyE7LmYOiA8YSBocmVmPSckdGFyZ2V0X2ZpbGUnIGNsYXNzPSdhbGVydC1saW5rJz4kdGFyZ2V0X2ZpbGU8L2E+KTwvZGl2PiI7CiAgICB9IGVsc2UgewogICAgICAgIGVjaG8gIjxkaXYgY2xhc3M9J2FsZXJ0IGFsZXJ0LWRhbmdlcic+7JeF66Gc65OcIOyLpO2MqDwvZGl2PiI7CiAgICB9Cn0KCiRjb25uID0gZ2V0RGJDb25uZWN0aW9uKCdyZWFkJyk7CiR1c2VybmFtZSA9ICRjdXJyZW50VXNlclsndXNlcm5hbWUnXSA/PyAnJzsKJHVSZXMgPSAkY29ubi0+cXVlcnkoIlNFTEVDVCBpZCwgcmVhbF9uYW1lLCBhZGRyZXNzIEZST00gdXNlcnMgV0hFUkUgdXNlcm5hbWU9JyR1c2VybmFtZSciKTsKJHVzZXJJbmZvID0gJHVSZXMtPmZldGNoX2Fzc29jKCk7CiR1c2VySWQgPSAkdXNlckluZm9bJ2lkJ10gPz8gMDsKPz4KPGRpdiBjbGFzcz0icm93Ij4KICAgIDxkaXYgY2xhc3M9ImNvbC1tZC00Ij4KICAgICAgICA8ZGl2IGNsYXNzPSJjYXJkIGJnLWRhcmsgYm9yZGVyLXNlY29uZGFyeSBtYi00Ij4KICAgICAgICAgICAgPGRpdiBjbGFzcz0iY2FyZC1oZWFkZXIgYm9yZGVyLXNlY29uZGFyeSI+64K0IOygleuztCDqtIDrpqw8L2Rpdj4KICAgICAgICAgICAgPGRpdiBjbGFzcz0iY2FyZC1ib2R5IHRleHQtY2VudGVyIj4KICAgICAgICAgICAgICAgIDxkaXYgY2xhc3M9Im1iLTMiPgogICAgICAgICAgICAgICAgICAgIDxkaXYgc3R5bGU9IndpZHRoOiAxMDBweDsgaGVpZ2h0OiAxMDBweDsgYmFja2dyb3VuZDogIzMzMzsgYm9yZGVyLXJhZGl1czogNTAlOyBtYXJnaW46IDAgYXV0bzsgZGlzcGxheTogZmxleDsgYWxpZ24taXRlbXM6IGNlbnRlcjsganVzdGlmeS1jb250ZW50OiBjZW50ZXI7Ij4KICAgICAgICAgICAgICAgICAgICAgICAgPGkgY2xhc3M9ImZhcyBmYS11c2VyIGZhLTN4IHRleHQtc2Vjb25kYXJ5Ij48L2k+CiAgICAgICAgICAgICAgICAgICAgPC9kaXY+CiAgICAgICAgICAgICAgICA8L2Rpdj4KICAgICAgICAgICAgICAgIDxoNSBjbGFzcz0iY2FyZC10aXRsZSI+PD9waHAgZWNobyBodG1sc3BlY2lhbGNoYXJzKCR1c2VySW5mb1sncmVhbF9uYW1lJ10gPz8gJ1VzZXInKTsgPz48L2g1PgogICAgICAgICAgICAgICAgPHAgY2xhc3M9InRleHQtc2Vjb25kYXJ5IHNtYWxsIj48P3BocCBlY2hvIGh0bWxzcGVjaWFsY2hhcnMoJHVzZXJuYW1lKTsgPz48L3A+CiAgICAgICAgICAgICAgICAKICAgICAgICAgICAgICAgIDxociBjbGFzcz0iYm9yZGVyLXNlY29uZGFyeSI+CiAgICAgICAgICAgICAgICAKICAgICAgICAgICAgICAgIDxmb3JtIG1ldGhvZD0iUE9TVCIgZW5jdHlwZT0ibXVsdGlwYXJ0L2Zvcm0tZGF0YSIgY2xhc3M9InRleHQtc3RhcnQiPgogICAgICAgICAgICAgICAgICAgIDxsYWJlbCBjbGFzcz0iZm9ybS1sYWJlbCBzbWFsbCB0ZXh0LXNlY29uZGFyeSI+7ZSE66Gc7ZWEIOyCrOynhCDrs4Dqsr08L2xhYmVsPgogICAgICAgICAgICAgICAgICAgIDxkaXYgY2xhc3M9ImlucHV0LWdyb3VwIGlucHV0LWdyb3VwLXNtIj4KICAgICAgICAgICAgICAgICAgICAgICAgPGlucHV0IHR5cGU9ImZpbGUiIG5hbWU9InByb2ZpbGVfcGljIiBjbGFzcz0iZm9ybS1jb250cm9sIGJnLWRhcmsgdGV4dC13aGl0ZSBib3JkZXItc2Vjb25kYXJ5Ij4KICAgICAgICAgICAgICAgICAgICAgICAgPGJ1dHRvbiBjbGFzcz0iYnRuIGJ0bi1wcmltYXJ5Ij7rs4Dqsr08L2J1dHRvbj4KICAgICAgICAgICAgICAgICAgICA8L2Rpdj4KICAgICAgICAgICAgICAgICAgICA8ZGl2IGNsYXNzPSJmb3JtLXRleHQgdGV4dC1tdXRlZCIgc3R5bGU9ImZvbnQtc2l6ZTogMC43cmVtOyI+CiAgICAgICAgICAgICAgICAgICAgICAgICogSlBHLCBQTkcg7YyM7J2866eMIOyXheuhnOuTnCDqsIDriqXtlanri4jri6QuICjsi6TsoJwg6riw64qlOiDtmZXsnqXsnpAg6rKA7KadIOy3qOyVveygkCkKICAgICAgICAgICAgICAgICAgICA8L2Rpdj4KICAgICAgICAgICAgICAgIDwvZm9ybT4KICAgICAgICAgICAgPC9kaXY+CiAgICAgICAgPC9kaXY+CiAgICA8L2Rpdj4KICAgIAogICAgPGRpdiBjbGFzcz0iY29sLW1kLTgiPgogICAgICAgIDxoNCBjbGFzcz0ibWItMyBib3JkZXItYm90dG9tIGJvcmRlci1zZWNvbmRhcnkgcGItMiI+7KO866y4IOuCtOyXrTwvaDQ+CiAgICAgICAgPD9waHAKICAgICAgICAkcmVzID0gJGNvbm4tPnF1ZXJ5KCJTRUxFQ1QgKiBGUk9NIG9yZGVycyBXSEVSRSB1c2VyX2lkID0gJHVzZXJJZCBPUkRFUiBCWSBpZCBERVNDIik7CiAgICAgICAgaWYgKCRyZXMgJiYgJHJlcy0+bnVtX3Jvd3MgPiAwKSB7CiAgICAgICAgICAgIGVjaG8gJzxkaXYgY2xhc3M9Imxpc3QtZ3JvdXAiPic7CiAgICAgICAgICAgIHdoaWxlKCRyb3cgPSAkcmVzLT5mZXRjaF9hc3NvYygpKSB7CiAgICAgICAgICAgICAgICAkc3RhdHVzQ29sb3IgPSAkcm93WydzdGF0dXMnXSA9PSAncGFpZCcgPyAnc3VjY2VzcycgOiAnd2FybmluZyc7CiAgICAgICAgICAgICAgICBlY2hvICI8YSBocmVmPSdvcmRlcl9kZXRhaWwucGhwP2lkPXskcm93WydpZCddfScgY2xhc3M9J2xpc3QtZ3JvdXAtaXRlbSBsaXN0LWdyb3VwLWl0ZW0tYWN0aW9uIGJnLWRhcmsgdGV4dC13aGl0ZSBib3JkZXItc2Vjb25kYXJ5IGQtZmxleCBqdXN0aWZ5LWNvbnRlbnQtYmV0d2VlbiBhbGlnbi1pdGVtcy1jZW50ZXInPgogICAgICAgICAgICAgICAgICAgIDxkaXY+CiAgICAgICAgICAgICAgICAgICAgICAgIDxzcGFuIGNsYXNzPSdmdy1ib2xkJz7so7zrrLjrsojtmLggI3skcm93WydpZCddfTwvc3Bhbj4KICAgICAgICAgICAgICAgICAgICAgICAgPGRpdiBjbGFzcz0nc21hbGwgdGV4dC1zZWNvbmRhcnknPnskcm93WydjcmVhdGVkX2F0J119PC9kaXY+CiAgICAgICAgICAgICAgICAgICAgPC9kaXY+CiAgICAgICAgICAgICAgICAgICAgPGRpdiBjbGFzcz0ndGV4dC1lbmQnPgogICAgICAgICAgICAgICAgICAgICAgICA8ZGl2IGNsYXNzPSdmdy1ib2xkJz4iIC4gbnVtYmVyX2Zvcm1hdCgkcm93Wyd0b3RhbF9hbW91bnQnXSkgLiAi7JuQPC9kaXY+CiAgICAgICAgICAgICAgICAgICAgICAgIDxzcGFuIGNsYXNzPSdiYWRnZSBiZy0kc3RhdHVzQ29sb3InPnskcm93WydzdGF0dXMnXX08L3NwYW4+CiAgICAgICAgICAgICAgICAgICAgPC9kaXY+CiAgICAgICAgICAgICAgICA8L2E+IjsKICAgICAgICAgICAgfQogICAgICAgICAgICBlY2hvICc8L2Rpdj4nOwogICAgICAgIH0gZWxzZSB7CiAgICAgICAgICAgIGVjaG8gIjxkaXYgY2xhc3M9J3RleHQtc2Vjb25kYXJ5IHAtNCB0ZXh0LWNlbnRlcic+7KO866y4IOuCtOyXreydtCDsl4bsirXri4jri6QuPC9kaXY+IjsKICAgICAgICB9CiAgICAgICAgPz4KICAgIDwvZGl2Pgo8L2Rpdj4KPD9waHAgaW5jbHVkZSAnZm9vdGVyLnBocCc7ID8+CkVPRgoKIyBWdWxuZXJhYmlsaXR5IDI6IFN0b3JlZCBYU1MKY2F0IDw8J0VPRicgPiAvdmFyL3d3dy9odG1sL2JvYXJkLnBocAo8P3BocAppbmNsdWRlICdoZWFkZXIucGhwJzsKJGNvbm4gPSBnZXREYkNvbm5lY3Rpb24oJ3dyaXRlJyk7CgppZiAoJF9TRVJWRVJbJ1JFUVVFU1RfTUVUSE9EJ10gPT09ICdQT1NUJykgewogICAgJHRpdGxlID0gJF9QT1NUWyd0aXRsZSddOwogICAgJGNvbnRlbnQgPSAkX1BPU1RbJ2NvbnRlbnQnXTsKICAgIC8vIFZVTE5FUkFCTEU6IE5vIGh0bWxzcGVjaWFsY2hhcnMgaGVyZQogICAgJHVzZXJuYW1lID0gJGN1cnJlbnRVc2VyWyd1c2VybmFtZSddID8/ICdBbm9ueW1vdXMnOwogICAgJHVSZXMgPSAkY29ubi0+cXVlcnkoIlNFTEVDVCBpZCBGUk9NIHVzZXJzIFdIRVJFIHVzZXJuYW1lPSckdXNlcm5hbWUnIik7CiAgICAkdWlkID0gJHVSZXMtPmZldGNoX2Fzc29jKClbJ2lkJ10gPz8gMTsKICAgIAogICAgJHN0bXQgPSAkY29ubi0+cHJlcGFyZSgiSU5TRVJUIElOVE8gYm9hcmQgKHVzZXJfaWQsIHRpdGxlLCBjb250ZW50KSBWQUxVRVMgKD8sID8sID8pIik7CiAgICAkc3RtdC0+YmluZF9wYXJhbSgiaXNzIiwgJHVpZCwgJHRpdGxlLCAkY29udGVudCk7CiAgICAkc3RtdC0+ZXhlY3V0ZSgpOwp9Cj8+CjxkaXYgY2xhc3M9ImNvbnRhaW5lciI+CiAgICA8aDI+Q3VzdG9tZXIgUmV2aWV3IEJvYXJkIChYU1MgVnVsbmVyYWJsZSk8L2gyPgogICAgPGZvcm0gbWV0aG9kPSJQT1NUIiBjbGFzcz0ibWItNCBwLTMgYm9yZGVyIHJvdW5kZWQgYmctZGFyayI+CiAgICAgICAgPGRpdiBjbGFzcz0ibWItMiI+CiAgICAgICAgICAgIDxpbnB1dCB0eXBlPSJ0ZXh0IiBuYW1lPSJ0aXRsZSIgY2xhc3M9ImZvcm0tY29udHJvbCIgcGxhY2Vob2xkZXI9IlRpdGxlIiByZXF1aXJlZD4KICAgICAgICA8L2Rpdj4KICAgICAgICA8ZGl2IGNsYXNzPSJtYi0yIj4KICAgICAgICAgICAgPHRleHRhcmVhIG5hbWU9ImNvbnRlbnQiIGNsYXNzPSJmb3JtLWNvbnRyb2wiIHJvd3M9IjMiIHBsYWNlaG9sZGVyPSJDb250ZW50IChIVE1MIHRhZ3MgYWxsb3dlZC4uLikiIHJlcXVpcmVkPjwvdGV4dGFyZWE+CiAgICAgICAgPC9kaXY+CiAgICAgICAgPGJ1dHRvbiBjbGFzcz0iYnRuIGJ0bi1sdXBhbmciPldyaXRlIFJldmlldzwvYnV0dG9uPgogICAgPC9mb3JtPgogICAgCiAgICA8ZGl2IGNsYXNzPSJsaXN0LWdyb3VwIj4KICAgIDw/cGhwCiAgICAkcmVzID0gJGNvbm4tPnF1ZXJ5KCJTRUxFQ1QgYi4qLCB1LnVzZXJuYW1lIEZST00gYm9hcmQgYiBKT0lOIHVzZXJzIHUgT04gYi51c2VyX2lkID0gdS5pZCBPUkRFUiBCWSBiLmlkIERFU0MiKTsKICAgIHdoaWxlKCRyb3cgPSAkcmVzLT5mZXRjaF9hc3NvYygpKSB7CiAgICAgICAgLy8gVlVMTkVSQUJMRTogT3V0cHV0dGluZyBjb250ZW50IGRpcmVjdGx5CiAgICAgICAgZWNobyAiPGRpdiBjbGFzcz0nbGlzdC1ncm91cC1pdGVtIGJnLWRhcmsgdGV4dC13aGl0ZSBib3JkZXItc2Vjb25kYXJ5IG1iLTInPgogICAgICAgICAgICA8ZGl2IGNsYXNzPSdkLWZsZXggdy0xMDAganVzdGlmeS1jb250ZW50LWJldHdlZW4nPgogICAgICAgICAgICAgICAgPGg1IGNsYXNzPSdtYi0xJz4iLmh0bWxzcGVjaWFsY2hhcnMoJHJvd1sndGl0bGUnXSkuIjwvaDU+CiAgICAgICAgICAgICAgICA8c21hbGw+eyRyb3dbJ2NyZWF0ZWRfYXQnXX08L3NtYWxsPgogICAgICAgICAgICA8L2Rpdj4KICAgICAgICAgICAgPHAgY2xhc3M9J21iLTEnPnskcm93Wydjb250ZW50J119PC9wPgogICAgICAgICAgICA8c21hbGwgY2xhc3M9J3RleHQtc2Vjb25kYXJ5Jz5CeSB7JHJvd1sndXNlcm5hbWUnXX08L3NtYWxsPgogICAgICAgIDwvZGl2PiI7CiAgICB9CiAgICA/PgogICAgPC9kaXY+CjwvZGl2Pgo8P3BocCBpbmNsdWRlICdmb290ZXIucGhwJzsgPz4KRU9GCgojIFZ1bG5lcmFiaWxpdHkgMzogQ29tbWFuZCBJbmplY3Rpb24gKyBTU1JGCmNhdCA8PCdFT0YnID4gL3Zhci93d3cvaHRtbC9hZG1pbi5waHAKPD9waHAKaW5jbHVkZSAnaGVhZGVyLnBocCc7CmlmICgoJGN1cnJlbnRVc2VyWydyb2xlJ10gPz8gJycpICE9PSAnYWRtaW4nKSB7CiAgICBkaWUoIjxkaXYgY2xhc3M9J2NvbnRhaW5lciBtdC01Jz48ZGl2IGNsYXNzPSdhbGVydCBhbGVydC1kYW5nZXInPuq0gOumrOyekCDqtoztlZzsnbQg7ZWE7JqU7ZWp64uI64ukLjwvZGl2PjwvZGl2PiIpOwp9CgokY29ubiA9IGdldERiQ29ubmVjdGlvbigncmVhZCcpOwoKLy8gUmVhbCBTdGF0cyBmcm9tIERCCiR0b3RhbFNhbGVzID0gJGNvbm4tPnF1ZXJ5KCJTRUxFQ1QgQ09BTEVTQ0UoU1VNKHRvdGFsX2Ftb3VudCksIDApIGFzIHRvdGFsIEZST00gb3JkZXJzIiktPmZldGNoX2Fzc29jKClbJ3RvdGFsJ107CiR0b3RhbFVzZXJzID0gJGNvbm4tPnF1ZXJ5KCJTRUxFQ1QgQ09VTlQoKikgYXMgY250IEZST00gdXNlcnMiKS0+ZmV0Y2hfYXNzb2MoKVsnY250J107CiR0b3RhbE9yZGVycyA9ICRjb25uLT5xdWVyeSgiU0VMRUNUIENPVU5UKCopIGFzIGNudCBGUk9NIG9yZGVycyIpLT5mZXRjaF9hc3NvYygpWydjbnQnXTsKJHRvdGFsUHJvZHVjdHMgPSAkY29ubi0+cXVlcnkoIlNFTEVDVCBDT1VOVCgqKSBhcyBjbnQgRlJPTSBwcm9kdWN0cyIpLT5mZXRjaF9hc3NvYygpWydjbnQnXTsKJHRvdGFsUmV2aWV3cyA9ICRjb25uLT5xdWVyeSgiU0VMRUNUIENPVU5UKCopIGFzIGNudCBGUk9NIHJldmlld3MiKS0+ZmV0Y2hfYXNzb2MoKVsnY250J107CgovLyBSZWNlbnQgNyBkYXlzIG9yZGVycyBmb3IgY2hhcnQKJGNoYXJ0RGF0YSA9IFtdOwpmb3IgKCRpID0gNjsgJGkgPj0gMDsgJGktLSkgewogICAgJGRhdGUgPSBkYXRlKCdZLW0tZCcsIHN0cnRvdGltZSgiLSRpIGRheXMiKSk7CiAgICAkcmVzdWx0ID0gJGNvbm4tPnF1ZXJ5KCJTRUxFQ1QgQ09BTEVTQ0UoU1VNKHRvdGFsX2Ftb3VudCksIDApIGFzIGRhaWx5X3RvdGFsIEZST00gb3JkZXJzIFdIRVJFIERBVEUoY3JlYXRlZF9hdCkgPSAnJGRhdGUnIik7CiAgICAkY2hhcnREYXRhW10gPSBbJ2RhdGUnID0+IGRhdGUoJ20vZCcsIHN0cnRvdGltZSgkZGF0ZSkpLCAnYW1vdW50JyA9PiBpbnR2YWwoJHJlc3VsdC0+ZmV0Y2hfYXNzb2MoKVsnZGFpbHlfdG90YWwnXSldOwp9CgovLyBDYXRlZ29yeSBzYWxlcyBmb3IgcGllIGNoYXJ0CiRjYXRlZ29yeURhdGEgPSBbXTsKJGNhdFF1ZXJ5ID0gJGNvbm4tPnF1ZXJ5KCJTRUxFQ1QgcC5jYXRlZ29yeSwgQ09BTEVTQ0UoU1VNKG9pLnByaWNlICogb2kucXVhbnRpdHkpLCAwKSBhcyB0b3RhbCAKICAgICAgICAgICAgICAgICAgICAgICAgICBGUk9NIG9yZGVyX2l0ZW1zIG9pIAogICAgICAgICAgICAgICAgICAgICAgICAgIEpPSU4gcHJvZHVjdHMgcCBPTiBvaS5wcm9kdWN0X2lkID0gcC5pZCAKICAgICAgICAgICAgICAgICAgICAgICAgICBHUk9VUCBCWSBwLmNhdGVnb3J5Iik7CndoaWxlICgkcm93ID0gJGNhdFF1ZXJ5LT5mZXRjaF9hc3NvYygpKSB7CiAgICAkY2F0ZWdvcnlEYXRhWyRyb3dbJ2NhdGVnb3J5J11dID0gaW50dmFsKCRyb3dbJ3RvdGFsJ10pOwp9CgovLyBSZWNlbnQgT3JkZXJzCiRyZWNlbnRPcmRlcnMgPSAkY29ubi0+cXVlcnkoIlNFTEVDVCBvLiosIHUudXNlcm5hbWUsIHUucmVhbF9uYW1lIEZST00gb3JkZXJzIG8gCiAgICAgICAgICAgICAgICAgICAgICAgICAgICAgIEpPSU4gdXNlcnMgdSBPTiBvLnVzZXJfaWQgPSB1LmlkIAogICAgICAgICAgICAgICAgICAgICAgICAgICAgICBPUkRFUiBCWSBvLmNyZWF0ZWRfYXQgREVTQyBMSU1JVCAxMCIpOwo/PgoKPGRpdiBjbGFzcz0iY29udGFpbmVyLWZsdWlkIHB4LTQiPgogICAgPGRpdiBjbGFzcz0iZC1mbGV4IGp1c3RpZnktY29udGVudC1iZXR3ZWVuIGFsaWduLWl0ZW1zLWNlbnRlciBtYi00Ij4KICAgICAgICA8aDI+PGkgY2xhc3M9ImZhcyBmYS10YWNob21ldGVyLWFsdCBtZS0yIj48L2k+6rSA66as7J6QIOuMgOyLnOuztOuTnDwvaDI+CiAgICAgICAgPHNwYW4gY2xhc3M9ImJhZGdlIGJnLWRhbmdlciBmcy02Ij48aSBjbGFzcz0iZmFzIGZhLXNoaWVsZC1hbHQgbWUtMSI+PC9pPkFkbWluIE1vZGU8L3NwYW4+CiAgICA8L2Rpdj4KICAgIAogICAgPCEtLSBSZWFsIFN0YXRzIENhcmRzIC0tPgogICAgPGRpdiBjbGFzcz0icm93IGctNCBtYi00Ij4KICAgICAgICA8ZGl2IGNsYXNzPSJjb2wteGwtMyBjb2wtbWQtNiI+CiAgICAgICAgICAgIDxkaXYgY2xhc3M9ImNhcmQgYmctZ3JhZGllbnQgYm9yZGVyLTAgaC0xMDAiIHN0eWxlPSJiYWNrZ3JvdW5kOiBsaW5lYXItZ3JhZGllbnQoMTM1ZGVnLCAjNjY3ZWVhIDAlLCAjNzY0YmEyIDEwMCUpOyI+CiAgICAgICAgICAgICAgICA8ZGl2IGNsYXNzPSJjYXJkLWJvZHkgdGV4dC13aGl0ZSI+CiAgICAgICAgICAgICAgICAgICAgPGRpdiBjbGFzcz0iZC1mbGV4IGp1c3RpZnktY29udGVudC1iZXR3ZWVuIj4KICAgICAgICAgICAgICAgICAgICAgICAgPGRpdj4KICAgICAgICAgICAgICAgICAgICAgICAgICAgIDxkaXYgY2xhc3M9InNtYWxsIG9wYWNpdHktNzUiPuy0nSDrp6Tstpw8L2Rpdj4KICAgICAgICAgICAgICAgICAgICAgICAgICAgIDxkaXYgY2xhc3M9ImZzLTQgZnctYm9sZCI+4oKpIDw/cGhwIGVjaG8gbnVtYmVyX2Zvcm1hdCgkdG90YWxTYWxlcyk7ID8+PC9kaXY+CiAgICAgICAgICAgICAgICAgICAgICAgIDwvZGl2PgogICAgICAgICAgICAgICAgICAgICAgICA8ZGl2IGNsYXNzPSJmcy0xIG9wYWNpdHktNTAiPjxpIGNsYXNzPSJmYXMgZmEtd29uLXNpZ24iPjwvaT48L2Rpdj4KICAgICAgICAgICAgICAgICAgICA8L2Rpdj4KICAgICAgICAgICAgICAgIDwvZGl2PgogICAgICAgICAgICA8L2Rpdj4KICAgICAgICA8L2Rpdj4KICAgICAgICA8ZGl2IGNsYXNzPSJjb2wteGwtMyBjb2wtbWQtNiI+CiAgICAgICAgICAgIDxkaXYgY2xhc3M9ImNhcmQgYmctZ3JhZGllbnQgYm9yZGVyLTAgaC0xMDAiIHN0eWxlPSJiYWNrZ3JvdW5kOiBsaW5lYXItZ3JhZGllbnQoMTM1ZGVnLCAjMTE5OThlIDAlLCAjMzhlZjdkIDEwMCUpOyI+CiAgICAgICAgICAgICAgICA8ZGl2IGNsYXNzPSJjYXJkLWJvZHkgdGV4dC13aGl0ZSI+CiAgICAgICAgICAgICAgICAgICAgPGRpdiBjbGFzcz0iZC1mbGV4IGp1c3RpZnktY29udGVudC1iZXR3ZWVuIj4KICAgICAgICAgICAgICAgICAgICAgICAgPGRpdj4KICAgICAgICAgICAgICAgICAgICAgICAgICAgIDxkaXYgY2xhc3M9InNtYWxsIG9wYWNpdHktNzUiPuy0nSDtmozsm5DsiJg8L2Rpdj4KICAgICAgICAgICAgICAgICAgICAgICAgICAgIDxkaXYgY2xhc3M9ImZzLTQgZnctYm9sZCI+PD9waHAgZWNobyBudW1iZXJfZm9ybWF0KCR0b3RhbFVzZXJzKTsgPz7rqoU8L2Rpdj4KICAgICAgICAgICAgICAgICAgICAgICAgPC9kaXY+CiAgICAgICAgICAgICAgICAgICAgICAgIDxkaXYgY2xhc3M9ImZzLTEgb3BhY2l0eS01MCI+PGkgY2xhc3M9ImZhcyBmYS11c2VycyI+PC9pPjwvZGl2PgogICAgICAgICAgICAgICAgICAgIDwvZGl2PgogICAgICAgICAgICAgICAgPC9kaXY+CiAgICAgICAgICAgIDwvZGl2PgogICAgICAgIDwvZGl2PgogICAgICAgIDxkaXYgY2xhc3M9ImNvbC14bC0zIGNvbC1tZC02Ij4KICAgICAgICAgICAgPGRpdiBjbGFzcz0iY2FyZCBiZy1ncmFkaWVudCBib3JkZXItMCBoLTEwMCIgc3R5bGU9ImJhY2tncm91bmQ6IGxpbmVhci1ncmFkaWVudCgxMzVkZWcsICNlYjMzNDkgMCUsICNmNDVjNDMgMTAwJSk7Ij4KICAgICAgICAgICAgICAgIDxkaXYgY2xhc3M9ImNhcmQtYm9keSB0ZXh0LXdoaXRlIj4KICAgICAgICAgICAgICAgICAgICA8ZGl2IGNsYXNzPSJkLWZsZXgganVzdGlmeS1jb250ZW50LWJldHdlZW4iPgogICAgICAgICAgICAgICAgICAgICAgICA8ZGl2PgogICAgICAgICAgICAgICAgICAgICAgICAgICAgPGRpdiBjbGFzcz0ic21hbGwgb3BhY2l0eS03NSI+7LSdIOyjvOusuOyImDwvZGl2PgogICAgICAgICAgICAgICAgICAgICAgICAgICAgPGRpdiBjbGFzcz0iZnMtNCBmdy1ib2xkIj48P3BocCBlY2hvIG51bWJlcl9mb3JtYXQoJHRvdGFsT3JkZXJzKTsgPz7qsbQ8L2Rpdj4KICAgICAgICAgICAgICAgICAgICAgICAgPC9kaXY+CiAgICAgICAgICAgICAgICAgICAgICAgIDxkaXYgY2xhc3M9ImZzLTEgb3BhY2l0eS01MCI+PGkgY2xhc3M9ImZhcyBmYS1zaG9wcGluZy1iYWciPjwvaT48L2Rpdj4KICAgICAgICAgICAgICAgICAgICA8L2Rpdj4KICAgICAgICAgICAgICAgIDwvZGl2PgogICAgICAgICAgICA8L2Rpdj4KICAgICAgICA8L2Rpdj4KICAgICAgICA8ZGl2IGNsYXNzPSJjb2wteGwtMyBjb2wtbWQtNiI+CiAgICAgICAgICAgIDxkaXYgY2xhc3M9ImNhcmQgYmctZ3JhZGllbnQgYm9yZGVyLTAgaC0xMDAiIHN0eWxlPSJiYWNrZ3JvdW5kOiBsaW5lYXItZ3JhZGllbnQoMTM1ZGVnLCAjNDU2OGRjIDAlLCAjYjA2YWIzIDEwMCUpOyI+CiAgICAgICAgICAgICAgICA8ZGl2IGNsYXNzPSJjYXJkLWJvZHkgdGV4dC13aGl0ZSI+CiAgICAgICAgICAgICAgICAgICAgPGRpdiBjbGFzcz0iZC1mbGV4IGp1c3RpZnktY29udGVudC1iZXR3ZWVuIj4KICAgICAgICAgICAgICAgICAgICAgICAgPGRpdj4KICAgICAgICAgICAgICAgICAgICAgICAgICAgIDxkaXYgY2xhc3M9InNtYWxsIG9wYWNpdHktNzUiPuy0nSDrpqzrt7DsiJg8L2Rpdj4KICAgICAgICAgICAgICAgICAgICAgICAgICAgIDxkaXYgY2xhc3M9ImZzLTQgZnctYm9sZCI+PD9waHAgZWNobyBudW1iZXJfZm9ybWF0KCR0b3RhbFJldmlld3MpOyA/PuqwnDwvZGl2PgogICAgICAgICAgICAgICAgICAgICAgICA8L2Rpdj4KICAgICAgICAgICAgICAgICAgICAgICAgPGRpdiBjbGFzcz0iZnMtMSBvcGFjaXR5LTUwIj48aSBjbGFzcz0iZmFzIGZhLXN0YXIiPjwvaT48L2Rpdj4KICAgICAgICAgICAgICAgICAgICA8L2Rpdj4KICAgICAgICAgICAgICAgIDwvZGl2PgogICAgICAgICAgICA8L2Rpdj4KICAgICAgICA8L2Rpdj4KICAgIDwvZGl2PgoKICAgIDxkaXYgY2xhc3M9InJvdyBnLTQgbWItNCI+CiAgICAgICAgPCEtLSBTYWxlcyBDaGFydCAtLT4KICAgICAgICA8ZGl2IGNsYXNzPSJjb2wtbGctOCI+CiAgICAgICAgICAgIDxkaXYgY2xhc3M9ImNhcmQgYmctZGFyayBib3JkZXItc2Vjb25kYXJ5IGgtMTAwIj4KICAgICAgICAgICAgICAgIDxkaXYgY2xhc3M9ImNhcmQtaGVhZGVyIGJvcmRlci1zZWNvbmRhcnkgZC1mbGV4IGp1c3RpZnktY29udGVudC1iZXR3ZWVuIGFsaWduLWl0ZW1zLWNlbnRlciI+CiAgICAgICAgICAgICAgICAgICAgPHNwYW4+PGkgY2xhc3M9ImZhcyBmYS1jaGFydC1saW5lIG1lLTIiPjwvaT7stZzqt7wgN+ydvCDrp6Tstpwg7LaU7J20PC9zcGFuPgogICAgICAgICAgICAgICAgPC9kaXY+CiAgICAgICAgICAgICAgICA8ZGl2IGNsYXNzPSJjYXJkLWJvZHkiPgogICAgICAgICAgICAgICAgICAgIDxjYW52YXMgaWQ9InNhbGVzQ2hhcnQiIGhlaWdodD0iMTAwIj48L2NhbnZhcz4KICAgICAgICAgICAgICAgIDwvZGl2PgogICAgICAgICAgICA8L2Rpdj4KICAgICAgICA8L2Rpdj4KICAgICAgICAKICAgICAgICA8IS0tIENhdGVnb3J5IFBpZSBDaGFydCAtLT4KICAgICAgICA8ZGl2IGNsYXNzPSJjb2wtbGctNCI+CiAgICAgICAgICAgIDxkaXYgY2xhc3M9ImNhcmQgYmctZGFyayBib3JkZXItc2Vjb25kYXJ5IGgtMTAwIj4KICAgICAgICAgICAgICAgIDxkaXYgY2xhc3M9ImNhcmQtaGVhZGVyIGJvcmRlci1zZWNvbmRhcnkiPgogICAgICAgICAgICAgICAgICAgIDxpIGNsYXNzPSJmYXMgZmEtY2hhcnQtcGllIG1lLTIiPjwvaT7subTthYzqs6Drpqzrs4Qg66ek7LacCiAgICAgICAgICAgICAgICA8L2Rpdj4KICAgICAgICAgICAgICAgIDxkaXYgY2xhc3M9ImNhcmQtYm9keSI+CiAgICAgICAgICAgICAgICAgICAgPGNhbnZhcyBpZD0iY2F0ZWdvcnlDaGFydCI+PC9jYW52YXM+CiAgICAgICAgICAgICAgICA8L2Rpdj4KICAgICAgICAgICAgPC9kaXY+CiAgICAgICAgPC9kaXY+CiAgICA8L2Rpdj4KCiAgICA8ZGl2IGNsYXNzPSJyb3cgZy00IG1iLTQiPgogICAgICAgIDwhLS0gUmVjZW50IE9yZGVycyAoUmVhbCBEYXRhKSAtLT4KICAgICAgICA8ZGl2IGNsYXNzPSJjb2wtbGctOCI+CiAgICAgICAgICAgIDxkaXYgY2xhc3M9ImNhcmQgYmctZGFyayBib3JkZXItc2Vjb25kYXJ5Ij4KICAgICAgICAgICAgICAgIDxkaXYgY2xhc3M9ImNhcmQtaGVhZGVyIGJvcmRlci1zZWNvbmRhcnkgZC1mbGV4IGp1c3RpZnktY29udGVudC1iZXR3ZWVuIGFsaWduLWl0ZW1zLWNlbnRlciI+CiAgICAgICAgICAgICAgICAgICAgPHNwYW4+PGkgY2xhc3M9ImZhcyBmYS1yZWNlaXB0IG1lLTIiPjwvaT7stZzqt7wg7KO866y4PC9zcGFuPgogICAgICAgICAgICAgICAgICAgIDxzcGFuIGNsYXNzPSJiYWRnZSBiZy1zZWNvbmRhcnkiPjw/cGhwIGVjaG8gJHRvdGFsT3JkZXJzOyA/PuqxtDwvc3Bhbj4KICAgICAgICAgICAgICAgIDwvZGl2PgogICAgICAgICAgICAgICAgPGRpdiBjbGFzcz0iY2FyZC1ib2R5IHAtMCI+CiAgICAgICAgICAgICAgICAgICAgPHRhYmxlIGNsYXNzPSJ0YWJsZSB0YWJsZS1kYXJrIHRhYmxlLWhvdmVyIG1iLTAiPgogICAgICAgICAgICAgICAgICAgICAgICA8dGhlYWQ+PHRyPjx0aD7so7zrrLjrsojtmLg8L3RoPjx0aD7qs6DqsJ08L3RoPjx0aD7quIjslaE8L3RoPjx0aD7sg4Htg5w8L3RoPjx0aD7snbzsi5w8L3RoPjwvdHI+PC90aGVhZD4KICAgICAgICAgICAgICAgICAgICAgICAgPHRib2R5PgogICAgICAgICAgICAgICAgICAgICAgICAgICAgPD9waHAgaWYoJHJlY2VudE9yZGVycy0+bnVtX3Jvd3MgPiAwKTogPz4KICAgICAgICAgICAgICAgICAgICAgICAgICAgIDw/cGhwIHdoaWxlKCRvcmRlciA9ICRyZWNlbnRPcmRlcnMtPmZldGNoX2Fzc29jKCkpOiA/PgogICAgICAgICAgICAgICAgICAgICAgICAgICAgPHRyPgogICAgICAgICAgICAgICAgICAgICAgICAgICAgICAgIDx0ZD48YSBocmVmPSJvcmRlcl9kZXRhaWwucGhwP2lkPTw/cGhwIGVjaG8gJG9yZGVyWydpZCddOyA/PiIgY2xhc3M9InRleHQtaW5mbyI+Izw/cGhwIGVjaG8gJG9yZGVyWydpZCddOyA/PjwvYT48L3RkPgogICAgICAgICAgICAgICAgICAgICAgICAgICAgICAgIDx0ZD48P3BocCBlY2hvIGh0bWxzcGVjaWFsY2hhcnMoJG9yZGVyWydyZWFsX25hbWUnXSA/PyAkb3JkZXJbJ3VzZXJuYW1lJ10pOyA/PjwvdGQ+CiAgICAgICAgICAgICAgICAgICAgICAgICAgICAgICAgPHRkPuKCqTw/cGhwIGVjaG8gbnVtYmVyX2Zvcm1hdCgkb3JkZXJbJ3RvdGFsX2Ftb3VudCddKTsgPz48L3RkPgogICAgICAgICAgICAgICAgICAgICAgICAgICAgICAgIDx0ZD48c3BhbiBjbGFzcz0iYmFkZ2UgYmctPD9waHAgZWNobyAkb3JkZXJbJ3N0YXR1cyddID09PSAncGFpZCcgPyAnc3VjY2VzcycgOiAnd2FybmluZyc7ID8+Ij48P3BocCBlY2hvICRvcmRlclsnc3RhdHVzJ107ID8+PC9zcGFuPjwvdGQ+CiAgICAgICAgICAgICAgICAgICAgICAgICAgICAgICAgPHRkIGNsYXNzPSJzbWFsbCI+PD9waHAgZWNobyBkYXRlKCdtL2QgSDppJywgc3RydG90aW1lKCRvcmRlclsnY3JlYXRlZF9hdCddKSk7ID8+PC90ZD4KICAgICAgICAgICAgICAgICAgICAgICAgICAgIDwvdHI+CiAgICAgICAgICAgICAgICAgICAgICAgICAgICA8P3BocCBlbmR3aGlsZTsgPz4KICAgICAgICAgICAgICAgICAgICAgICAgICAgIDw/cGhwIGVsc2U6ID8+CiAgICAgICAgICAgICAgICAgICAgICAgICAgICA8dHI+PHRkIGNvbHNwYW49IjUiIGNsYXNzPSJ0ZXh0LWNlbnRlciB0ZXh0LXNlY29uZGFyeSBweS00Ij7so7zrrLgg64K07Jet7J20IOyXhuyKteuLiOuLpC48L3RkPjwvdHI+CiAgICAgICAgICAgICAgICAgICAgICAgICAgICA8P3BocCBlbmRpZjsgPz4KICAgICAgICAgICAgICAgICAgICAgICAgPC90Ym9keT4KICAgICAgICAgICAgICAgICAgICA8L3RhYmxlPgogICAgICAgICAgICAgICAgPC9kaXY+CiAgICAgICAgICAgIDwvZGl2PgogICAgICAgIDwvZGl2PgogICAgICAgIAogICAgICAgIDwhLS0gU2VjdXJpdHkgVG9vbHMgLS0+CiAgICAgICAgPGRpdiBjbGFzcz0iY29sLWxnLTQiPgogICAgICAgICAgICA8IS0tIENvbW1hbmQgSW5qZWN0aW9uIC0tPgogICAgICAgICAgICA8ZGl2IGNsYXNzPSJjYXJkIGJnLWRhcmsgYm9yZGVyLWRhbmdlciBtYi0zIj4KICAgICAgICAgICAgICAgIDxkaXYgY2xhc3M9ImNhcmQtaGVhZGVyIGJnLWRhbmdlciB0ZXh0LXdoaXRlIGZ3LWJvbGQiPgogICAgICAgICAgICAgICAgICAgIDxpIGNsYXNzPSJmYXMgZmEtdGVybWluYWwgbWUtMiI+PC9pPlNlcnZlciBIZWFsdGggQ2hlY2sKICAgICAgICAgICAgICAgIDwvZGl2PgogICAgICAgICAgICAgICAgPGRpdiBjbGFzcz0iY2FyZC1ib2R5Ij4KICAgICAgICAgICAgICAgICAgICA8cCBjbGFzcz0ic21hbGwgdGV4dC1zZWNvbmRhcnkgbWItMiI+66qF66C57Ja0IOyduOygneyFmCDst6jslb3soJA8L3A+CiAgICAgICAgICAgICAgICAgICAgPGZvcm0gbWV0aG9kPSJHRVQiIGNsYXNzPSJtYi0yIj4KICAgICAgICAgICAgICAgICAgICAgICAgPGRpdiBjbGFzcz0iaW5wdXQtZ3JvdXAgaW5wdXQtZ3JvdXAtc20iPgogICAgICAgICAgICAgICAgICAgICAgICAgICAgPGlucHV0IHR5cGU9InRleHQiIG5hbWU9InRhcmdldCIgY2xhc3M9ImZvcm0tY29udHJvbCBiZy1kYXJrIHRleHQtd2hpdGUgYm9yZGVyLXNlY29uZGFyeSIgcGxhY2Vob2xkZXI9IuyYiDogOC44LjguOCA7IGlkIiB2YWx1ZT0iPD9waHAgZWNobyBodG1sc3BlY2lhbGNoYXJzKCRfR0VUWyd0YXJnZXQnXSA/PyAnJyk7ID8+Ij4KICAgICAgICAgICAgICAgICAgICAgICAgICAgIDxidXR0b24gY2xhc3M9ImJ0biBidG4tb3V0bGluZS1kYW5nZXIiPlBpbmc8L2J1dHRvbj4KICAgICAgICAgICAgICAgICAgICAgICAgPC9kaXY+CiAgICAgICAgICAgICAgICAgICAgPC9mb3JtPgogICAgICAgICAgICAgICAgICAgIDw/cGhwIGlmIChpc3NldCgkX0dFVFsndGFyZ2V0J10pICYmICRfR0VUWyd0YXJnZXQnXSk6ID8+CiAgICAgICAgICAgICAgICAgICAgPHByZSBjbGFzcz0iYmctYmxhY2sgcC0yIHJvdW5kZWQgdGV4dC1zdWNjZXNzIHNtYWxsIG1iLTAiIHN0eWxlPSJtYXgtaGVpZ2h0OiAxNTBweDsgb3ZlcmZsb3c6IGF1dG87Ij48P3BocAogICAgICAgICAgICAgICAgICAgICAgICAkdGFyZ2V0ID0gJF9HRVRbJ3RhcmdldCddOwogICAgICAgICAgICAgICAgICAgICAgICAvLyBWVUxORVJBQkxFOiBDb21tYW5kIEluamVjdGlvbgogICAgICAgICAgICAgICAgICAgICAgICBlY2hvIGh0bWxzcGVjaWFsY2hhcnMoc2hlbGxfZXhlYygicGluZyAtYyAyICIgLiAkdGFyZ2V0KSk7CiAgICAgICAgICAgICAgICAgICAgPz48L3ByZT4KICAgICAgICAgICAgICAgICAgICA8P3BocCBlbmRpZjsgPz4KICAgICAgICAgICAgICAgIDwvZGl2PgogICAgICAgICAgICA8L2Rpdj4KICAgICAgICAgICAgCiAgICAgICAgICAgIDwhLS0gU1NSRiBWdWxuZXJhYmlsaXR5IC0tPgogICAgICAgICAgICA8ZGl2IGNsYXNzPSJjYXJkIGJnLWRhcmsgYm9yZGVyLXdhcm5pbmcgbWItMyI+CiAgICAgICAgICAgICAgICA8ZGl2IGNsYXNzPSJjYXJkLWhlYWRlciBiZy13YXJuaW5nIHRleHQtZGFyayBmdy1ib2xkIj4KICAgICAgICAgICAgICAgICAgICA8aSBjbGFzcz0iZmFzIGZhLWdsb2JlIG1lLTIiPjwvaT5VUkwgRmV0Y2hlciAoU1NSRikKICAgICAgICAgICAgICAgIDwvZGl2PgogICAgICAgICAgICAgICAgPGRpdiBjbGFzcz0iY2FyZC1ib2R5Ij4KICAgICAgICAgICAgICAgICAgICA8cCBjbGFzcz0ic21hbGwgdGV4dC1zZWNvbmRhcnkgbWItMiI+U1NSRiDst6jslb3soJAgLSDrgrTrtoAgVVJMIOygkeq3vCDqsIDriqU8L3A+CiAgICAgICAgICAgICAgICAgICAgPGZvcm0gbWV0aG9kPSJHRVQiIGNsYXNzPSJtYi0yIj4KICAgICAgICAgICAgICAgICAgICAgICAgPGRpdiBjbGFzcz0iaW5wdXQtZ3JvdXAgaW5wdXQtZ3JvdXAtc20iPgogICAgICAgICAgICAgICAgICAgICAgICAgICAgPGlucHV0IHR5cGU9InRleHQiIG5hbWU9ImZldGNoX3VybCIgY2xhc3M9ImZvcm0tY29udHJvbCBiZy1kYXJrIHRleHQtd2hpdGUgYm9yZGVyLXNlY29uZGFyeSIgcGxhY2Vob2xkZXI9IuyYiDogaHR0cDovLzE2OS4yNTQuMTY5LjI1NC8iIHZhbHVlPSI8P3BocCBlY2hvIGh0bWxzcGVjaWFsY2hhcnMoJF9HRVRbJ2ZldGNoX3VybCddID8/ICcnKTsgPz4iPgogICAgICAgICAgICAgICAgICAgICAgICAgICAgPGJ1dHRvbiBjbGFzcz0iYnRuIGJ0bi1vdXRsaW5lLXdhcm5pbmciPkZldGNoPC9idXR0b24+CiAgICAgICAgICAgICAgICAgICAgICAgIDwvZGl2PgogICAgICAgICAgICAgICAgICAgIDwvZm9ybT4KICAgICAgICAgICAgICAgICAgICA8P3BocCBpZiAoaXNzZXQoJF9HRVRbJ2ZldGNoX3VybCddKSAmJiAkX0dFVFsnZmV0Y2hfdXJsJ10pOiA/PgogICAgICAgICAgICAgICAgICAgIDxwcmUgY2xhc3M9ImJnLWJsYWNrIHAtMiByb3VuZGVkIHRleHQtaW5mbyBzbWFsbCBtYi0wIiBzdHlsZT0ibWF4LWhlaWdodDogMTUwcHg7IG92ZXJmbG93OiBhdXRvOyI+PD9waHAKICAgICAgICAgICAgICAgICAgICAgICAgJHVybCA9ICRfR0VUWydmZXRjaF91cmwnXTsKICAgICAgICAgICAgICAgICAgICAgICAgLy8gVlVMTkVSQUJMRTogU1NSRiAtIE5vIHZhbGlkYXRpb24gb24gVVJMCiAgICAgICAgICAgICAgICAgICAgICAgICRjb250ZW50ID0gQGZpbGVfZ2V0X2NvbnRlbnRzKCR1cmwpOwogICAgICAgICAgICAgICAgICAgICAgICBlY2hvIGh0bWxzcGVjaWFsY2hhcnMoJGNvbnRlbnQgPzogIkVycm9yIGZldGNoaW5nIFVSTCIpOwogICAgICAgICAgICAgICAgICAgID8+PC9wcmU+CiAgICAgICAgICAgICAgICAgICAgPD9waHAgZW5kaWY7ID8+CiAgICAgICAgICAgICAgICA8L2Rpdj4KICAgICAgICAgICAgPC9kaXY+CiAgICAgICAgPC9kaXY+CiAgICA8L2Rpdj4KICAgIAogICAgPCEtLSBWdWxuZXJhYmlsaXR5IFF1aWNrIExpbmtzIC0tPgogICAgPGg0IGNsYXNzPSJ0ZXh0LXdoaXRlIGJvcmRlci1ib3R0b20gYm9yZGVyLXNlY29uZGFyeSBwYi0yIG1iLTMiPgogICAgICAgIDxpIGNsYXNzPSJmYXMgZmEtYnVnIG1lLTIiPjwvaT7st6jslb3soJAg7YWM7Iqk7Yq4IOuPhOq1rAogICAgPC9oND4KICAgIDxkaXYgY2xhc3M9InJvdyBnLTMgbWItNCI+CiAgICAgICAgPGRpdiBjbGFzcz0iY29sLW1kLTIiPgogICAgICAgICAgICA8ZGl2IGNsYXNzPSJjYXJkIGJnLWRhbmdlciB0ZXh0LXdoaXRlIGgtMTAwIHRleHQtY2VudGVyIHAtMyI+CiAgICAgICAgICAgICAgICA8aSBjbGFzcz0iZmFzIGZhLWRhdGFiYXNlIGZhLTJ4IG1iLTIiPjwvaT4KICAgICAgICAgICAgICAgIDxkaXYgY2xhc3M9InNtYWxsIGZ3LWJvbGQiPlNRTCBJbmplY3Rpb248L2Rpdj4KICAgICAgICAgICAgICAgIDxhIGhyZWY9InByb2R1Y3QucGhwP2lkPTEnIiBjbGFzcz0ic3RyZXRjaGVkLWxpbmsiPjwvYT4KICAgICAgICAgICAgPC9kaXY+CiAgICAgICAgPC9kaXY+CiAgICAgICAgPGRpdiBjbGFzcz0iY29sLW1kLTIiPgogICAgICAgICAgICA8ZGl2IGNsYXNzPSJjYXJkIGJnLXdhcm5pbmcgdGV4dC1kYXJrIGgtMTAwIHRleHQtY2VudGVyIHAtMyI+CiAgICAgICAgICAgICAgICA8aSBjbGFzcz0iZmFzIGZhLWNvZGUgZmEtMnggbWItMiI+PC9pPgogICAgICAgICAgICAgICAgPGRpdiBjbGFzcz0ic21hbGwgZnctYm9sZCI+U3RvcmVkIFhTUzwvZGl2PgogICAgICAgICAgICAgICAgPGEgaHJlZj0icHJvZHVjdC5waHA/aWQ9MSNyZXZpZXdzIiBjbGFzcz0ic3RyZXRjaGVkLWxpbmsiPjwvYT4KICAgICAgICAgICAgPC9kaXY+CiAgICAgICAgPC9kaXY+CiAgICAgICAgPGRpdiBjbGFzcz0iY29sLW1kLTIiPgogICAgICAgICAgICA8ZGl2IGNsYXNzPSJjYXJkIGJnLWluZm8gdGV4dC1kYXJrIGgtMTAwIHRleHQtY2VudGVyIHAtMyI+CiAgICAgICAgICAgICAgICA8aSBjbGFzcz0iZmFzIGZhLXNlYXJjaCBmYS0yeCBtYi0yIj48L2k+CiAgICAgICAgICAgICAgICA8ZGl2IGNsYXNzPSJzbWFsbCBmdy1ib2xkIj5SZWZsZWN0ZWQgWFNTPC9kaXY+CiAgICAgICAgICAgICAgICA8YSBocmVmPSJzZWFyY2gucGhwP3E9PHNjcmlwdD5hbGVydCgxKTwvc2NyaXB0PiIgY2xhc3M9InN0cmV0Y2hlZC1saW5rIj48L2E+CiAgICAgICAgICAgIDwvZGl2PgogICAgICAgIDwvZGl2PgogICAgICAgIDxkaXYgY2xhc3M9ImNvbC1tZC0yIj4KICAgICAgICAgICAgPGRpdiBjbGFzcz0iY2FyZCBiZy1zZWNvbmRhcnkgdGV4dC13aGl0ZSBoLTEwMCB0ZXh0LWNlbnRlciBwLTMiPgogICAgICAgICAgICAgICAgPGkgY2xhc3M9ImZhcyBmYS11bmxvY2sgZmEtMnggbWItMiI+PC9pPgogICAgICAgICAgICAgICAgPGRpdiBjbGFzcz0ic21hbGwgZnctYm9sZCI+SURPUjwvZGl2PgogICAgICAgICAgICAgICAgPGEgaHJlZj0ib3JkZXJfZGV0YWlsLnBocD9pZD0xIiBjbGFzcz0ic3RyZXRjaGVkLWxpbmsiPjwvYT4KICAgICAgICAgICAgPC9kaXY+CiAgICAgICAgPC9kaXY+CiAgICAgICAgPGRpdiBjbGFzcz0iY29sLW1kLTIiPgogICAgICAgICAgICA8ZGl2IGNsYXNzPSJjYXJkIGJnLXByaW1hcnkgdGV4dC13aGl0ZSBoLTEwMCB0ZXh0LWNlbnRlciBwLTMiPgogICAgICAgICAgICAgICAgPGkgY2xhc3M9ImZhcyBmYS11cGxvYWQgZmEtMnggbWItMiI+PC9pPgogICAgICAgICAgICAgICAgPGRpdiBjbGFzcz0ic21hbGwgZnctYm9sZCI+RmlsZSBVcGxvYWQ8L2Rpdj4KICAgICAgICAgICAgICAgIDxhIGhyZWY9Im15cGFnZS5waHAiIGNsYXNzPSJzdHJldGNoZWQtbGluayI+PC9hPgogICAgICAgICAgICA8L2Rpdj4KICAgICAgICA8L2Rpdj4KICAgICAgICA8ZGl2IGNsYXNzPSJjb2wtbWQtMiI+CiAgICAgICAgICAgIDxkaXYgY2xhc3M9ImNhcmQgYmctZGFyayBib3JkZXItbGlnaHQgdGV4dC13aGl0ZSBoLTEwMCB0ZXh0LWNlbnRlciBwLTMiPgogICAgICAgICAgICAgICAgPGkgY2xhc3M9ImZhcyBmYS1jb29raWUgZmEtMnggbWItMiI+PC9pPgogICAgICAgICAgICAgICAgPGRpdiBjbGFzcz0ic21hbGwgZnctYm9sZCI+V2VhayBBdXRoPC9kaXY+CiAgICAgICAgICAgICAgICA8YSBocmVmPSJsb2dpbi5waHAiIGNsYXNzPSJzdHJldGNoZWQtbGluayI+PC9hPgogICAgICAgICAgICA8L2Rpdj4KICAgICAgICA8L2Rpdj4KICAgIDwvZGl2Pgo8L2Rpdj4KCjxzY3JpcHQ+Ci8vIFNhbGVzIExpbmUgQ2hhcnQKY29uc3Qgc2FsZXNDdHggPSBkb2N1bWVudC5nZXRFbGVtZW50QnlJZCgnc2FsZXNDaGFydCcpLmdldENvbnRleHQoJzJkJyk7Cm5ldyBDaGFydChzYWxlc0N0eCwgewogICAgdHlwZTogJ2xpbmUnLAogICAgZGF0YTogewogICAgICAgIGxhYmVsczogPD9waHAgZWNobyBqc29uX2VuY29kZShhcnJheV9jb2x1bW4oJGNoYXJ0RGF0YSwgJ2RhdGUnKSk7ID8+LAogICAgICAgIGRhdGFzZXRzOiBbewogICAgICAgICAgICBsYWJlbDogJ+ydvOuzhCDrp6TstpwgKOybkCknLAogICAgICAgICAgICBkYXRhOiA8P3BocCBlY2hvIGpzb25fZW5jb2RlKGFycmF5X2NvbHVtbigkY2hhcnREYXRhLCAnYW1vdW50JykpOyA/PiwKICAgICAgICAgICAgZmlsbDogdHJ1ZSwKICAgICAgICAgICAgYmFja2dyb3VuZENvbG9yOiAncmdiYSgyMzAsIDAsIDM1LCAwLjEpJywKICAgICAgICAgICAgYm9yZGVyQ29sb3I6ICcjZTYwMDIzJywKICAgICAgICAgICAgYm9yZGVyV2lkdGg6IDIsCiAgICAgICAgICAgIHRlbnNpb246IDAuNCwKICAgICAgICAgICAgcG9pbnRCYWNrZ3JvdW5kQ29sb3I6ICcjZTYwMDIzJwogICAgICAgIH1dCiAgICB9LAogICAgb3B0aW9uczogewogICAgICAgIHJlc3BvbnNpdmU6IHRydWUsCiAgICAgICAgcGx1Z2luczogeyBsZWdlbmQ6IHsgbGFiZWxzOiB7IGNvbG9yOiAnI2ZmZicgfSB9IH0sCiAgICAgICAgc2NhbGVzOiB7CiAgICAgICAgICAgIHk6IHsgdGlja3M6IHsgY29sb3I6ICcjODg4JyB9LCBncmlkOiB7IGNvbG9yOiAnIzMzMycgfSB9LAogICAgICAgICAgICB4OiB7IHRpY2tzOiB7IGNvbG9yOiAnIzg4OCcgfSwgZ3JpZDogeyBjb2xvcjogJyMzMzMnIH0gfQogICAgICAgIH0KICAgIH0KfSk7CgovLyBDYXRlZ29yeSBQaWUgQ2hhcnQKY29uc3QgY2F0Q3R4ID0gZG9jdW1lbnQuZ2V0RWxlbWVudEJ5SWQoJ2NhdGVnb3J5Q2hhcnQnKS5nZXRDb250ZXh0KCcyZCcpOwpuZXcgQ2hhcnQoY2F0Q3R4LCB7CiAgICB0eXBlOiAnZG91Z2hudXQnLAogICAgZGF0YTogewogICAgICAgIGxhYmVsczogPD9waHAgZWNobyBqc29uX2VuY29kZShhcnJheV9rZXlzKCRjYXRlZ29yeURhdGEpKTsgPz4sCiAgICAgICAgZGF0YXNldHM6IFt7CiAgICAgICAgICAgIGRhdGE6IDw/cGhwIGVjaG8ganNvbl9lbmNvZGUoYXJyYXlfdmFsdWVzKCRjYXRlZ29yeURhdGEpKTsgPz4sCiAgICAgICAgICAgIGJhY2tncm91bmRDb2xvcjogWycjNjY3ZWVhJywgJyMxMTk5OGUnLCAnI2ViMzM0OScsICcjNDU2OGRjJywgJyNmMDkzZmInXQogICAgICAgIH1dCiAgICB9LAogICAgb3B0aW9uczogewogICAgICAgIHJlc3BvbnNpdmU6IHRydWUsCiAgICAgICAgcGx1Z2luczogeyBsZWdlbmQ6IHsgcG9zaXRpb246ICdib3R0b20nLCBsYWJlbHM6IHsgY29sb3I6ICcjZmZmJyB9IH0gfQogICAgfQp9KTsKPC9zY3JpcHQ+Cgo8P3BocCBpbmNsdWRlICdmb290ZXIucGhwJzsgPz4KRU9GCgpjYXQgPDwnRU9GJyA+IC92YXIvd3d3L2h0bWwvbG9nb3V0LnBocAo8P3BocApzZXNzaW9uX3N0YXJ0KCk7CnNlc3Npb25fdW5zZXQoKTsKc2Vzc2lvbl9kZXN0cm95KCk7CgppZiAoaXNzZXQoJF9DT09LSUVbJ2x1cGFuZ190b2tlbiddKSkgewogICAgc2V0Y29va2llKCJsdXBhbmdfdG9rZW4iLCAiIiwgdGltZSgpIC0gMzYwMCwgIi8iKTsKICAgIHVuc2V0KCRfQ09PS0lFWydsdXBhbmdfdG9rZW4nXSk7Cn0KPz4KPCFET0NUWVBFIGh0bWw+CjxodG1sPgo8aGVhZD4KPG1ldGEgaHR0cC1lcXVpdj0icmVmcmVzaCIgY29udGVudD0iMDt1cmw9LyI+CjxzY3JpcHQ+CiAgICBsb2NhdGlvbi5yZXBsYWNlKCIvIik7Cjwvc2NyaXB0Pgo8L2hlYWQ+Cjxib2R5PgogICAgTG9nZ2luZyBvdXQuLi4KPC9ib2R5Pgo8L2h0bWw+CkVPRgoKY2F0IDw8J0VPRicgPiAvdmFyL3d3dy9odG1sL2xvZ2luLnBocAo8P3BocApzZXNzaW9uX3N0YXJ0KCk7CmluY2x1ZGUgJ2RiX2NvbmZpZy5waHAnOwoKJG1lc3NhZ2UgPSAnJzsKaWYgKCRfU0VSVkVSWydSRVFVRVNUX01FVEhPRCddID09PSAnUE9TVCcpIHsKICAgICR1c2VybmFtZSA9ICRfUE9TVFsndXNlcm5hbWUnXSA/PyAnJzsKICAgICRwYXNzd29yZCA9ICRfUE9TVFsncGFzc3dvcmQnXSA/PyAnJzsKCiAgICBpZiAoJHVzZXJuYW1lICYmIHN0cnBvcygkdXNlcm5hbWUsICdAJykgPT09IGZhbHNlKSB7CiAgICAgICAgJHVzZXJuYW1lIC49ICdAMDR3d3cuY2xvdWQnOwogICAgfQoKICAgIGlmICgkdXNlcm5hbWUgJiYgJHBhc3N3b3JkKSB7CiAgICAgICAgdHJ5IHsKICAgICAgICAgICAgJGNvbm4gPSBnZXREYkNvbm5lY3Rpb24oJ3JlYWQnKTsKICAgICAgICAgICAgJHN0bXQgPSAkY29ubi0+cHJlcGFyZSgiU0VMRUNUIGlkLCBwYXNzd29yZCwgcm9sZSwgcmVhbF9uYW1lIEZST00gdXNlcnMgV0hFUkUgdXNlcm5hbWUgPSA/Iik7CiAgICAgICAgICAgICRzdG10LT5iaW5kX3BhcmFtKCJzIiwgJHVzZXJuYW1lKTsKICAgICAgICAgICAgJHN0bXQtPmV4ZWN1dGUoKTsKICAgICAgICAgICAgJHJlc3VsdCA9ICRzdG10LT5nZXRfcmVzdWx0KCk7CiAgICAgICAgICAgIGlmICgkcm93ID0gJHJlc3VsdC0+ZmV0Y2hfYXNzb2MoKSkgewogICAgICAgICAgICAgICAgaWYgKHBhc3N3b3JkX3ZlcmlmeSgkcGFzc3dvcmQsICRyb3dbJ3Bhc3N3b3JkJ10pKSB7CiAgICAgICAgICAgICAgICAgICAgJF9TRVNTSU9OWyd1c2VyX2lkJ10gPSAkdXNlcm5hbWU7CiAgICAgICAgICAgICAgICAgICAgJF9TRVNTSU9OWydyb2xlJ10gPSAkcm93Wydyb2xlJ10gPz8gJ3VzZXInOwogICAgICAgICAgICAgICAgICAgICRfU0VTU0lPTlsncmVhbF9uYW1lJ10gPSAkcm93WydyZWFsX25hbWUnXTsKICAgICAgICAgICAgICAgICAgICBzZXRjb29raWUoImx1cGFuZ190b2tlbiIsIGJhc2U2NF9lbmNvZGUoanNvbl9lbmNvZGUoWyJ1c2VybmFtZSI9PiR1c2VybmFtZSwgInJvbGUiPT4kX1NFU1NJT05bJ3JvbGUnXSwgInJlYWxfbmFtZSI9PiRyb3dbJ3JlYWxfbmFtZSddXSkpLCB0aW1lKCkrMzYwMCwgIi8iKTsKICAgICAgICAgICAgICAgICAgICBoZWFkZXIoIkxvY2F0aW9uOiAvIik7CiAgICAgICAgICAgICAgICAgICAgZXhpdDsKICAgICAgICAgICAgICAgIH0gZWxzZSB7CiAgICAgICAgICAgICAgICAgICAgJG1lc3NhZ2UgPSAi67mE67CA67KI7Zi46rCAIOydvOy5mO2VmOyngCDslYrsirXri4jri6QuIjsKICAgICAgICAgICAgICAgIH0KICAgICAgICAgICAgfSBlbHNlIHsKICAgICAgICAgICAgICAgICRtZXNzYWdlID0gIuyhtOyerO2VmOyngCDslYrripQg7IKs7Jqp7J6Q7J6F64uI64ukLiI7CiAgICAgICAgICAgIH0KICAgICAgICB9IGNhdGNoIChFeGNlcHRpb24gJGUpIHsKICAgICAgICAgICAgJG1lc3NhZ2UgPSAi66Gc6re47J24IOyYpOulmDogIiAuICRlLT5nZXRNZXNzYWdlKCk7CiAgICAgICAgfQogICAgfQp9Cj8+CjwhRE9DVFlQRSBodG1sPgo8aHRtbCBsYW5nPSJrbyI+CjxoZWFkPgogICAgPG1ldGEgY2hhcnNldD0iVVRGLTgiPgogICAgPHRpdGxlPuuhnOq3uOyduDwvdGl0bGU+CiAgICA8bGluayBocmVmPSJodHRwczovL2Nkbi5qc2RlbGl2ci5uZXQvbnBtL2Jvb3RzdHJhcEA1LjMuMC9kaXN0L2Nzcy9ib290c3RyYXAubWluLmNzcyIgcmVsPSJzdHlsZXNoZWV0Ij4KICAgIDxzdHlsZT4KICAgICAgICBib2R5IHsgYmFja2dyb3VuZC1jb2xvcjogIzEyMTIxMjsgY29sb3I6IHdoaXRlOyBkaXNwbGF5OiBmbGV4OyBhbGlnbi1pdGVtczogY2VudGVyOyBqdXN0aWZ5LWNvbnRlbnQ6IGNlbnRlcjsgaGVpZ2h0OiAxMDB2aDsgZm9udC1mYW1pbHk6ICdOb3RvIFNhbnMgS1InOyB9CiAgICAgICAgLmxvZ2luLWJveCB7IHdpZHRoOiA0MDBweDsgcGFkZGluZzogNDBweDsgYmFja2dyb3VuZDogIzFlMWUxZTsgYm9yZGVyLXJhZGl1czogMTBweDsgYm9yZGVyOiAxcHggc29saWQgIzMzMzsgYm94LXNoYWRvdzogMCAxMHB4IDMwcHggcmdiYSgwLDAsMCwwLjUpOyB9CiAgICAgICAgLmZvcm0tY29udHJvbCB7IGJhY2tncm91bmQtY29sb3I6ICMyYzJjMmMgIWltcG9ydGFudDsgYm9yZGVyOiAxcHggc29saWQgIzQ0NCAhaW1wb3J0YW50OyBjb2xvcjogd2hpdGUgIWltcG9ydGFudDsgbWFyZ2luLWJvdHRvbTogMTVweDsgfQogICAgICAgIC5mb3JtLWNvbnRyb2w6OnBsYWNlaG9sZGVyIHsgY29sb3I6ICNhYWEgIWltcG9ydGFudDsgb3BhY2l0eTogMTsgfQogICAgICAgIC5idG4tbG9naW4geyB3aWR0aDogMTAwJTsgaGVpZ2h0OiA1MHB4OyBiYWNrZ3JvdW5kOiAjZTYwMDIzOyBib3JkZXI6IG5vbmU7IGZvbnQtd2VpZ2h0OiBib2xkOyBjb2xvcjogd2hpdGU7IH0KICAgIDwvc3R5bGU+CjwvaGVhZD4KPGJvZHk+CiAgICA8ZGl2IGNsYXNzPSJsb2dpbi1ib3giPgogICAgICAgIDxoMiBjbGFzcz0idGV4dC1jZW50ZXIgbWItNCI+TFVQQU5HPC9oMj4KICAgICAgICA8P3BocCBpZigkbWVzc2FnZSkgZWNobyAiPGRpdiBjbGFzcz0nYWxlcnQgYWxlcnQtZGFuZ2VyJz4kbWVzc2FnZTwvZGl2PiI7ID8+CiAgICAgICAgPGZvcm0gbWV0aG9kPSJwb3N0Ij4KICAgICAgICAgICAgPGlucHV0IG5hbWU9InVzZXJuYW1lIiBjbGFzcz0iZm9ybS1jb250cm9sIiBwbGFjZWhvbGRlcj0i7JWE7J2065SUICjsnbTrqZTsnbwpIiByZXF1aXJlZD4KICAgICAgICAgICAgPGlucHV0IG5hbWU9InBhc3N3b3JkIiB0eXBlPSJwYXNzd29yZCIgY2xhc3M9ImZvcm0tY29udHJvbCIgcGxhY2Vob2xkZXI9Iuu5hOuwgOuyiO2YuCIgcmVxdWlyZWQ+CiAgICAgICAgICAgIDxidXR0b24gY2xhc3M9ImJ0biBidG4tbG9naW4iPkxvZ2luPC9idXR0b24+CiAgICAgICAgPC9mb3JtPgogICAgICAgIDxkaXYgY2xhc3M9Im10LTMgdGV4dC1jZW50ZXIiPgogICAgICAgICAgICA8YSBocmVmPSJyZWdpc3Rlci5waHAiIGNsYXNzPSJ0ZXh0LXdoaXRlIHRleHQtZGVjb3JhdGlvbi1ub25lIj7tmozsm5DqsIDsnoU8L2E+IHwgCiAgICAgICAgICAgIDxhIGhyZWY9Ii8iIGNsYXNzPSJ0ZXh0LXNlY29uZGFyeSB0ZXh0LWRlY29yYXRpb24tbm9uZSI+SG9tZTwvYT4KICAgICAgICA8L2Rpdj4KICAgIDwvZGl2Pgo8L2JvZHk+CjwvaHRtbD4KRU9GCgpjYXQgPDwnRU9GJyA+IC92YXIvd3d3L2h0bWwvcmVnaXN0ZXIucGhwCjw/cGhwCmluY2x1ZGUgJ2RiX2NvbmZpZy5waHAnOwokbWFpbF9zZXJ2ZXJfaXAgPSAnMTkyLjE2OC42LjQnOwoKJG1lc3NhZ2UgPSAnJzsKaWYgKCRfU0VSVkVSWydSRVFVRVNUX01FVEhPRCddID09PSAnUE9TVCcpIHsKICAkbmFtZSA9ICRfUE9TVFsndXNlcm5hbWUnXSA/PyAnJzsKICAkbG9jYWxfcGFydCA9ICRfUE9TVFsnZW1haWxfbG9jYWwnXSA/PyAnJzsKICAkcHdkID0gJF9QT1NUWydwYXNzd29yZCddID8/ICcnOwogICRhZGRyID0gJF9QT1NUWydhZGRyZXNzJ10gPz8gJyc7CiAgCiAgaWYgKCRuYW1lICYmICRsb2NhbF9wYXJ0ICYmICRwd2QpIHsKICAgIC8vIEFwcGVuZCBEb21haW4gQXV0b21hdGljYWxseQogICAgJGVtYWlsID0gJGxvY2FsX3BhcnQgLiAnQDA0d3d3LmNsb3VkJzsKCiAgICB0cnkgewogICAgICAgICRjb25uID0gZ2V0RGJDb25uZWN0aW9uKCd3cml0ZScpOwogICAgICAgICRzdG10ID0gJGNvbm4tPnByZXBhcmUoIlNFTEVDVCBpZCBGUk9NIHVzZXJzIFdIRVJFIHVzZXJuYW1lID0gPyIpOwogICAgICAgICRzdG10LT5iaW5kX3BhcmFtKCJzIiwgJGVtYWlsKTsKICAgICAgICAkc3RtdC0+ZXhlY3V0ZSgpOwogICAgICAgIGlmKCRzdG10LT5nZXRfcmVzdWx0KCktPmZldGNoX2Fzc29jKCkpIHsKICAgICAgICAgICAgJG1lc3NhZ2UgPSAi7J2066+4IOyhtOyerO2VmOuKlCDqs4TsoJUoRW1haWwp7J6F64uI64ukOiAiIC4gaHRtbHNwZWNpYWxjaGFycygkZW1haWwpOwogICAgICAgIH0gZWxzZSB7CiAgICAgICAgICAgICRoYXNoID0gcGFzc3dvcmRfaGFzaCgkcHdkLCBQQVNTV09SRF9CQ1JZUFQpOwogICAgICAgICAgICAkc3RtdCA9ICRjb25uLT5wcmVwYXJlKCJJTlNFUlQgSU5UTyB1c2VycyAodXNlcm5hbWUsIHBhc3N3b3JkLCByZWFsX25hbWUsIGFkZHJlc3MpIFZBTFVFUyAoPywgPywgPywgPykiKTsKICAgICAgICAgICAgJHN0bXQtPmJpbmRfcGFyYW0oInNzc3MiLCAkZW1haWwsICRoYXNoLCAkbmFtZSwgJGFkZHIpOwogICAgICAgICAgICAKICAgICAgICAgICAgaWYoJHN0bXQtPmV4ZWN1dGUoKSkgewogICAgICAgICAgICAgICAgIC8vIE1haWwgYWNjb3VudCB3aWxsIGJlIGNyZWF0ZWQgc2VwYXJhdGVseSAoU1NIIHJlbW92ZWQgZm9yIHBlcmZvcm1hbmNlKQogICAgICAgICAgICAgICAgICRtZXNzYWdlID0gIu2ajOybkOqwgOyehSDsmYTro4whIOuhnOq3uOyduO2VtOyjvOyEuOyalC4gKOuplOydvCDqs4TsoJU6ICRlbWFpbCkiOwogICAgICAgICAgICB9IGVsc2UgewogICAgICAgICAgICAgICAgJG1lc3NhZ2UgPSAi7ZqM7JuQ6rCA7J6FIOyYpOulmDogIiAuICRzdG10LT5lcnJvcjsKICAgICAgICAgICAgfQogICAgICAgIH0KICAgIH0gY2F0Y2ggKEV4Y2VwdGlvbiAkZSkgewogICAgICAgICRtZXNzYWdlID0gIuyYpOulmCDrsJzsg506ICIgLiAkZS0+Z2V0TWVzc2FnZSgpOwogICAgfQogIH0gZWxzZSB7CiAgICAgICRtZXNzYWdlID0gIuuqqOuToCDtlYTrk5zrpbwg7J6F66Cl7ZW07KO87IS47JqULiI7CiAgfQp9Cj8+CjwhRE9DVFlQRSBodG1sPgo8aHRtbCBsYW5nPSJrbyI+CjxoZWFkPgogICAgPG1ldGEgY2hhcnNldD0iVVRGLTgiPgogICAgPHRpdGxlPu2ajOybkOqwgOyehTwvdGl0bGU+CiAgICA8bGluayBocmVmPSJodHRwczovL2Nkbi5qc2RlbGl2ci5uZXQvbnBtL2Jvb3RzdHJhcEA1LjMuMC9kaXN0L2Nzcy9ib290c3RyYXAubWluLmNzcyIgcmVsPSJzdHlsZXNoZWV0Ij4KICAgIDxzdHlsZT4KICAgICAgICBib2R5IHsgYmFja2dyb3VuZC1jb2xvcjogIzEyMTIxMjsgY29sb3I6IHdoaXRlOyBkaXNwbGF5OiBmbGV4OyBhbGlnbi1pdGVtczogY2VudGVyOyBqdXN0aWZ5LWNvbnRlbnQ6IGNlbnRlcjsgaGVpZ2h0OiAxMDB2aDsgZm9udC1mYW1pbHk6ICdOb3RvIFNhbnMgS1InOyB9CiAgICAgICAgLnJlZ2lzdGVyLWJveCB7IHdpZHRoOiA1MDBweDsgcGFkZGluZzogNDBweDsgYmFja2dyb3VuZDogIzFlMWUxZTsgYm9yZGVyLXJhZGl1czogMTBweDsgYm9yZGVyOiAxcHggc29saWQgIzMzMzsgYm94LXNoYWRvdzogMCAxMHB4IDMwcHggcmdiYSgwLDAsMCwwLjUpOyB9CiAgICAgICAgLmZvcm0tY29udHJvbCB7IGJhY2tncm91bmQtY29sb3I6ICMyYzJjMmMgIWltcG9ydGFudDsgYm9yZGVyOiAxcHggc29saWQgIzQ0NCAhaW1wb3J0YW50OyBjb2xvcjogd2hpdGUgIWltcG9ydGFudDsgbWFyZ2luLWJvdHRvbTogMTVweDsgfQogICAgICAgIC5mb3JtLWNvbnRyb2w6OnBsYWNlaG9sZGVyIHsgY29sb3I6ICNhYWEgIWltcG9ydGFudDsgb3BhY2l0eTogMTsgfQogICAgICAgIC5pbnB1dC1ncm91cC10ZXh0IHsgYmFja2dyb3VuZC1jb2xvcjogIzQ0NDsgYm9yZGVyOiAxcHggc29saWQgIzQ0NDsgY29sb3I6ICNkZGQ7IH0KICAgICAgICAuYnRuLXJlZ2lzdGVyIHsgd2lkdGg6IDEwMCU7IGhlaWdodDogNTBweDsgYmFja2dyb3VuZDogI2U2MDAyMzsgYm9yZGVyOiBub25lOyBmb250LXdlaWdodDogYm9sZDsgY29sb3I6IHdoaXRlOyB9CiAgICAgICAgLmJ0bi1yZWdpc3RlcjpkaXNhYmxlZCB7IGJhY2tncm91bmQtY29sb3I6ICM1NTU7IGN1cnNvcjogbm90LWFsbG93ZWQ7IH0KICAgIDwvc3R5bGU+CiAgICA8c2NyaXB0PgogICAgICAgIGZ1bmN0aW9uIGRpc2FibGVCdG4oZm9ybSkgewogICAgICAgICAgICB2YXIgYnRuID0gZm9ybS5xdWVyeVNlbGVjdG9yKCcuYnRuLXJlZ2lzdGVyJyk7CiAgICAgICAgICAgIGJ0bi5kaXNhYmxlZCA9IHRydWU7CiAgICAgICAgICAgIGJ0bi5pbm5lclRleHQgPSAi7LKY66asIOykkS4uLiI7CiAgICAgICAgICAgIHJldHVybiB0cnVlOwogICAgICAgIH0KICAgIDwvc2NyaXB0Pgo8L2hlYWQ+Cjxib2R5PgogICAgPGRpdiBjbGFzcz0icmVnaXN0ZXItYm94Ij4KICAgICAgICA8aDIgY2xhc3M9InRleHQtY2VudGVyIG1iLTQiPu2ajOybkOqwgOyehTwvaDI+CiAgICAgICAgPD9waHAgaWYoJG1lc3NhZ2UpIGVjaG8gIjxkaXYgY2xhc3M9J2FsZXJ0IGFsZXJ0LWluZm8nPiIubmwyYnIoJG1lc3NhZ2UpLiI8L2Rpdj4iOyA/PgogICAgICAgIDxmb3JtIG1ldGhvZD0icG9zdCIgb25zdWJtaXQ9InJldHVybiBkaXNhYmxlQnRuKHRoaXMpOyI+CiAgICAgICAgICAgIDxpbnB1dCBuYW1lPSJ1c2VybmFtZSIgY2xhc3M9ImZvcm0tY29udHJvbCIgcGxhY2Vob2xkZXI9IuyLpOuqhSIgcmVxdWlyZWQ+CiAgICAgICAgICAgIDxkaXYgY2xhc3M9ImlucHV0LWdyb3VwIG1iLTMiPgogICAgICAgICAgICAgICAgPGlucHV0IG5hbWU9ImVtYWlsX2xvY2FsIiBjbGFzcz0iZm9ybS1jb250cm9sIG1iLTAiIHR5cGU9InRleHQiIHBsYWNlaG9sZGVyPSLslYTsnbTrlJQgKOyYgeusuCkiIHJlcXVpcmVkPgogICAgICAgICAgICAgICAgPHNwYW4gY2xhc3M9ImlucHV0LWdyb3VwLXRleHQiPkAwNHd3dy5jbG91ZDwvc3Bhbj4KICAgICAgICAgICAgPC9kaXY+CiAgICAgICAgICAgIDxpbnB1dCBuYW1lPSJwYXNzd29yZCIgdHlwZT0icGFzc3dvcmQiIGNsYXNzPSJmb3JtLWNvbnRyb2wiIHBsYWNlaG9sZGVyPSLruYTrsIDrsojtmLgiIHJlcXVpcmVkPgogICAgICAgICAgICA8aW5wdXQgbmFtZT0iYWRkcmVzcyIgY2xhc3M9ImZvcm0tY29udHJvbCIgcGxhY2Vob2xkZXI9IuyjvOyGjCIgcmVxdWlyZWQ+CiAgICAgICAgICAgIDxidXR0b24gY2xhc3M9ImJ0biBidG4tcmVnaXN0ZXIiPuqwgOyehe2VmOq4sDwvYnV0dG9uPgogICAgICAgIDwvZm9ybT4KICAgICAgICA8ZGl2IGNsYXNzPSJtdC0zIHRleHQtY2VudGVyIj4KICAgICAgICAgICAgPGEgaHJlZj0ibG9naW4ucGhwIiBjbGFzcz0idGV4dC13aGl0ZSB0ZXh0LWRlY29yYXRpb24tbm9uZSI+66Gc6re47J24PC9hPiB8IAogICAgICAgICAgICA8YSBocmVmPSIvIiBjbGFzcz0idGV4dC1zZWNvbmRhcnkgdGV4dC1kZWNvcmF0aW9uLW5vbmUiPkhvbWU8L2E+CiAgICAgICAgPC9kaXY+CiAgICA8L2Rpdj4KPC9ib2R5Pgo8L2h0bWw+CkVPRgoKIyBWdWxuZXJhYmlsaXR5IDU6IEJyb2tlbiBBY2Nlc3MgQ29udHJvbCAoSURPUikKY2F0IDw8J0VPRicgPiAvdmFyL3d3dy9odG1sL29yZGVyX2RldGFpbC5waHAKPD9waHAKaW5jbHVkZSAnaGVhZGVyLnBocCc7CgovLyBWVUxORVJBQkxFOiBObyBjaGVjayBpZiB0aGUgb3JkZXIgYmVsb25ncyB0byB0aGUgY3VycmVudCB1c2VyCiRvcmRlcklkID0gJF9HRVRbJ2lkJ10gPz8gMDsKJGNvbm4gPSBnZXREYkNvbm5lY3Rpb24oJ3JlYWQnKTsKCi8vIFZ1bG5lcmFiaWxpdHkgNiAoUGFydCAyKTogU2VjdXJpdHkgTWlzY29uZmlndXJhdGlvbiAoVmVyYm9zZSBFcnJvcikKaW5pX3NldCgnZGlzcGxheV9lcnJvcnMnLCAxKTsKaW5pX3NldCgnZGlzcGxheV9zdGFydHVwX2Vycm9ycycsIDEpOwplcnJvcl9yZXBvcnRpbmcoRV9BTEwpOwoKJHNxbCA9ICJTRUxFQ1Qgby4qLCB1LnVzZXJuYW1lLCB1LnJlYWxfbmFtZSwgdS5waG9uZSwgdS5hZGRyZXNzIAogICAgICAgIEZST00gb3JkZXJzIG8gCiAgICAgICAgSk9JTiB1c2VycyB1IE9OIG8udXNlcl9pZCA9IHUuaWQgCiAgICAgICAgV0hFUkUgby5pZCA9ICRvcmRlcklkIjsgLy8gU1FMaSBwb3RlbnRpYWwgaGVyZSB0b28sIGJ1dCBmb2N1c2VkIG9uIElET1IKCiRyZXN1bHQgPSAkY29ubi0+cXVlcnkoJHNxbCk7CmlmICghJHJlc3VsdCkgewogICAgZGllKCJRdWVyeSBGYWlsZWQ6ICIgLiAkY29ubi0+ZXJyb3IpOyAvLyBJbmZvIExlYWsKfQoKJG9yZGVyID0gJHJlc3VsdC0+ZmV0Y2hfYXNzb2MoKTsKPz4KPGRpdiBjbGFzcz0iY29udGFpbmVyIj4KICAgIDw/cGhwIGlmKCRvcmRlcik6ID8+CiAgICAgICAgPGgyPk9yZGVyIERldGFpbCAjPD9waHAgZWNobyAkb3JkZXJbJ2lkJ107ID8+PC9oMj4KICAgICAgICA8ZGl2IGNsYXNzPSJjYXJkIGJnLWRhcmsgdGV4dC13aGl0ZSBib3JkZXItd2FybmluZyBtYi00Ij4KICAgICAgICAgICAgPGRpdiBjbGFzcz0iY2FyZC1oZWFkZXIgYmctd2FybmluZyB0ZXh0LWRhcmsgZnctYm9sZCI+CiAgICAgICAgICAgICAgICA8aSBjbGFzcz0iZmFzIGZhLWV4Y2xhbWF0aW9uLXRyaWFuZ2xlIj48L2k+IElET1IgVnVsbmVyYWJsZSBQYWdlCiAgICAgICAgICAgIDwvZGl2PgogICAgICAgICAgICA8ZGl2IGNsYXNzPSJjYXJkLWJvZHkiPgogICAgICAgICAgICAgICAgPGg1IGNsYXNzPSJjYXJkLXRpdGxlIj5PcmRlciBJbmZvPC9oNT4KICAgICAgICAgICAgICAgIDxwPlN0YXR1czogPD9waHAgZWNobyAkb3JkZXJbJ3N0YXR1cyddOyA/PjwvcD4KICAgICAgICAgICAgICAgIDxwPlRvdGFsOiA8P3BocCBlY2hvIG51bWJlcl9mb3JtYXQoJG9yZGVyWyd0b3RhbF9hbW91bnQnXSk7ID8+7JuQPC9wPgogICAgICAgICAgICAgICAgPHA+RGF0ZTogPD9waHAgZWNobyAkb3JkZXJbJ2NyZWF0ZWRfYXQnXTsgPz48L3A+CiAgICAgICAgICAgICAgICA8aHI+CiAgICAgICAgICAgICAgICA8aDUgY2xhc3M9ImNhcmQtdGl0bGUgdGV4dC1kYW5nZXIiPkN1c3RvbWVyIEluZm8gKFBJSSBFeHBvc3VyZSk8L2g1PgogICAgICAgICAgICAgICAgPHA+TmFtZTogPD9waHAgZWNobyAkb3JkZXJbJ3JlYWxfbmFtZSddOyA/PjwvcD4KICAgICAgICAgICAgICAgIDxwPlBob25lOiA8P3BocCBlY2hvICRvcmRlclsncGhvbmUnXTsgPz48L3A+CiAgICAgICAgICAgICAgICA8cD5BZGRyZXNzOiA8P3BocCBlY2hvICRvcmRlclsnYWRkcmVzcyddOyA/PjwvcD4KICAgICAgICAgICAgPC9kaXY+CiAgICAgICAgPC9kaXY+CiAgICAgICAgCiAgICAgICAgPGg0Pk9yZGVyIEl0ZW1zPC9oND4KICAgICAgICA8dWwgY2xhc3M9Imxpc3QtZ3JvdXAiPgogICAgICAgIDw/cGhwCiAgICAgICAgJGl0ZW1zID0gJGNvbm4tPnF1ZXJ5KCJTRUxFQ1Qgb2kuKiwgcC5uYW1lIEZST00gb3JkZXJfaXRlbXMgb2kgSk9JTiBwcm9kdWN0cyBwIE9OIG9pLnByb2R1Y3RfaWQgPSBwLmlkIFdIRVJFIG9yZGVyX2lkID0gJG9yZGVySWQiKTsKICAgICAgICB3aGlsZSgkaXRlbSA9ICRpdGVtcy0+ZmV0Y2hfYXNzb2MoKSkgewogICAgICAgICAgICBlY2hvICI8bGkgY2xhc3M9J2xpc3QtZ3JvdXAtaXRlbSBiZy1kYXJrIHRleHQtd2hpdGUgYm9yZGVyLXNlY29uZGFyeSc+eyRpdGVtWyduYW1lJ119IHggeyRpdGVtWydxdWFudGl0eSddfSAoIiAuIG51bWJlcl9mb3JtYXQoJGl0ZW1bJ3ByaWNlJ10pIC4gIuybkCk8L2xpPiI7CiAgICAgICAgfQogICAgICAgID8+CiAgICAgICAgPC91bD4KICAgIDw/cGhwIGVsc2U6ID8+CiAgICAgICAgPGRpdiBjbGFzcz0iYWxlcnQgYWxlcnQtZGFuZ2VyIj5PcmRlciBub3QgZm91bmQuPC9kaXY+CiAgICA8P3BocCBlbmRpZjsgPz4KPC9kaXY+Cjw/cGhwIGluY2x1ZGUgJ2Zvb3Rlci5waHAnOyA/PgpFT0YKCiMgVnVsbmVyYWJpbGl0eSA2OiBTZWN1cml0eSBNaXNjb25maWd1cmF0aW9uIChCYWNrdXAgRmlsZSkKIyBDcmVhdGUgYSBmYWtlIERCIGR1bXAgZmlsZSBhY2Nlc3NpYmxlIHZpYSB3ZWIKbWtkaXIgLXAgL3Zhci93d3cvaHRtbC9iYWNrdXAKY2F0IDw8RU9GID4gL3Zhci93d3cvaHRtbC9iYWNrdXAvZGJfZHVtcC5zcWwKLS0gTFVQQU5HIERhdGFiYXNlIEJhY2t1cCAoVnVsbmVyYWJsZTogUHVibGljbHkgQWNjZXNzaWJsZSkKLS0gQ3JlYXRlZCBhdDogJChkYXRlKQoKQ1JFQVRFIFRBQkxFIHVzZXJzICgKICBpZCBpbnQoMTEpIE5PVCBOVUxMIEFVVE9fSU5DUkVNRU5ULAogIHVzZXJuYW1lIHZhcmNoYXIoNTApIE5PVCBOVUxMLCAtLSBhZG1pbkAwNHd3dy5jbG91ZAogIHBhc3N3b3JkIHZhcmNoYXIoMjU1KSBOT1QgTlVMTCwgLS0gXCQyeVwkMTBcJC4uLiAoSXQxMjM0NSEpCiAgUFJJTUFSWSBLRVkgKGlkKQopOwoKLS0gRFVNUCBEQVRBCklOU0VSVCBJTlRPIHVzZXJzIFZBTFVFUyAoMSwgJ2FkbWluQDA0d3d3LmNsb3VkJywgJ0l0MTIzNDUhJyk7CklOU0VSVCBJTlRPIHVzZXJzIFZBTFVFUyAoMiwgJ3VzZXIxQDA0d3d3LmNsb3VkJywgJ0l0MTIzNDUhJyk7CkVPRgoKIyBWdWxuZXJhYmlsaXR5IDc6IFNRTCBJbmplY3Rpb24gKyBSZWZsZWN0ZWQgWFNTIChTZWFyY2gpCmNhdCA8PCdFT0YnID4gL3Zhci93d3cvaHRtbC9zZWFyY2gucGhwCjw/cGhwIAovLyBFbmFibGUgZXJyb3IgZGlzcGxheSBmb3IgdnVsbmVyYWJpbGl0eSB2aXNpYmlsaXR5CmluaV9zZXQoJ2Rpc3BsYXlfZXJyb3JzJywgMSk7CmluaV9zZXQoJ2Rpc3BsYXlfc3RhcnR1cF9lcnJvcnMnLCAxKTsKZXJyb3JfcmVwb3J0aW5nKEVfQUxMKTsKCmluY2x1ZGUgJ2hlYWRlci5waHAnOwoKJHEgPSAkX0dFVFsncSddID8/ICcnOwokY29ubiA9IGdldERiQ29ubmVjdGlvbigncmVhZCcpOwoKLy8gVlVMTkVSQUJMRTogU1FMIEluamVjdGlvbiAtIERpcmVjdCBzdHJpbmcgY29uY2F0ZW5hdGlvbgokc3FsID0gIlNFTEVDVCAqIEZST00gcHJvZHVjdHMgV0hFUkUgbmFtZSBMSUtFICclIiAuICRxIC4gIiUnIE9SIGRlc2NyaXB0aW9uIExJS0UgJyUiIC4gJHEgLiAiJSciOwokcmVzdWx0ID0gJGNvbm4tPnF1ZXJ5KCRzcWwpOwo/PgoKPGRpdiBjbGFzcz0iY29udGFpbmVyIj4KICAgIDxoMiBjbGFzcz0ibWItNCI+CiAgICAgICAgPGkgY2xhc3M9ImZhcyBmYS1zZWFyY2ggdGV4dC1zZWNvbmRhcnkgbWUtMiI+PC9pPgogICAgICAgIOqygOyDiSDqsrDqs7w6ICI8P3BocCBlY2hvICRxOyAvKiBWVUxORVJBQkxFOiBSZWZsZWN0ZWQgWFNTIC0gTm8gaHRtbHNwZWNpYWxjaGFycyAqLyA/PiIKICAgIDwvaDI+CiAgICAKICAgIDw/cGhwIGlmKCEkcmVzdWx0KTogPz4KICAgICAgICA8ZGl2IGNsYXNzPSJhbGVydCBhbGVydC1kYW5nZXIiPgogICAgICAgICAgICA8c3Ryb25nPkRCIEVycm9yOjwvc3Ryb25nPiA8P3BocCBlY2hvIGh0bWxzcGVjaWFsY2hhcnMoJGNvbm4tPmVycm9yKTsgPz4KICAgICAgICA8L2Rpdj4KICAgIDw/cGhwIGVsc2VpZigkcmVzdWx0LT5udW1fcm93cyA9PT0gMCk6ID8+CiAgICAgICAgPGRpdiBjbGFzcz0iYWxlcnQgYWxlcnQtd2FybmluZyI+CiAgICAgICAgICAgIDxpIGNsYXNzPSJmYXMgZmEtZXhjbGFtYXRpb24tY2lyY2xlIG1lLTIiPjwvaT4KICAgICAgICAgICAg6rKA7IOJIOqysOqzvOqwgCDsl4bsirXri4jri6QuIOuLpOuluCDqsoDsg4nslrTrpbwg7Iuc64+E7ZW067O07IS47JqULgogICAgICAgIDwvZGl2PgogICAgICAgIDxkaXYgY2xhc3M9InRleHQtY2VudGVyIG10LTQiPgogICAgICAgICAgICA8YSBocmVmPSIvIiBjbGFzcz0iYnRuIGJ0bi1sdXBhbmciPuyghOyytCDsg4Htkogg67O06riwPC9hPgogICAgICAgIDwvZGl2PgogICAgPD9waHAgZWxzZTogPz4KICAgICAgICA8cCBjbGFzcz0idGV4dC1zZWNvbmRhcnkgbWItNCI+PD9waHAgZWNobyAkcmVzdWx0LT5udW1fcm93czsgPz7qsJzsnZgg7IOB7ZKI7J2EIOywvuyVmOyKteuLiOuLpC48L3A+CiAgICAgICAgCiAgICAgICAgPGRpdiBjbGFzcz0icm93IGctNCI+CiAgICAgICAgICAgIDw/cGhwIHdoaWxlKCRyb3cgPSAkcmVzdWx0LT5mZXRjaF9hc3NvYygpKTogPz4KICAgICAgICAgICAgPGRpdiBjbGFzcz0iY29sLWxnLTMgY29sLW1kLTQgY29sLXNtLTYiPgogICAgICAgICAgICAgICAgPGRpdiBjbGFzcz0iY2FyZCBwcm9kdWN0LWNhcmQgYmctZGFyayBoLTEwMCI+CiAgICAgICAgICAgICAgICAgICAgPGRpdiBjbGFzcz0iY2FyZC1pbWctd3JhcHBlciI+CiAgICAgICAgICAgICAgICAgICAgICAgIDxhIGhyZWY9InByb2R1Y3QucGhwP2lkPTw/cGhwIGVjaG8gJHJvd1snaWQnXTsgPz4iPgogICAgICAgICAgICAgICAgICAgICAgICAgICAgPGltZyBzcmM9Ijw/cGhwIGVjaG8gaHRtbHNwZWNpYWxjaGFycygkcm93WydpbWFnZV91cmwnXSk7ID8+IiBjbGFzcz0iY2FyZC1pbWctdG9wIiBhbHQ9Ii4uLiI+CiAgICAgICAgICAgICAgICAgICAgICAgIDwvYT4KICAgICAgICAgICAgICAgICAgICA8L2Rpdj4KICAgICAgICAgICAgICAgICAgICA8ZGl2IGNsYXNzPSJjYXJkLWJvZHkiPgogICAgICAgICAgICAgICAgICAgICAgICA8c3BhbiBjbGFzcz0iYmFkZ2UgYmctc2Vjb25kYXJ5IG1iLTIiPjw/cGhwIGVjaG8gaHRtbHNwZWNpYWxjaGFycygkcm93WydjYXRlZ29yeSddKTsgPz48L3NwYW4+CiAgICAgICAgICAgICAgICAgICAgICAgIDxoNiBjbGFzcz0iY2FyZC10aXRsZSB0ZXh0LXdoaXRlIj48P3BocCBlY2hvIGh0bWxzcGVjaWFsY2hhcnMoJHJvd1snbmFtZSddKTsgPz48L2g2PgogICAgICAgICAgICAgICAgICAgICAgICA8cCBjbGFzcz0iY2FyZC10ZXh0IHRleHQtZGFuZ2VyIGZ3LWJvbGQiPjw/cGhwIGVjaG8gbnVtYmVyX2Zvcm1hdCgkcm93WydwcmljZSddKTsgPz7sm5A8L3A+CiAgICAgICAgICAgICAgICAgICAgICAgIDxhIGhyZWY9InByb2R1Y3QucGhwP2lkPTw/cGhwIGVjaG8gJHJvd1snaWQnXTsgPz4iIGNsYXNzPSJidG4gYnRuLXNtIGJ0bi1vdXRsaW5lLWxpZ2h0IHctMTAwIj7sg4HshLjrs7TquLA8L2E+CiAgICAgICAgICAgICAgICAgICAgPC9kaXY+CiAgICAgICAgICAgICAgICA8L2Rpdj4KICAgICAgICAgICAgPC9kaXY+CiAgICAgICAgICAgIDw/cGhwIGVuZHdoaWxlOyA/PgogICAgICAgIDwvZGl2PgogICAgPD9waHAgZW5kaWY7ID8+CiAgICAKICAgIDwhLS0gVnVsbmVyYWJpbGl0eSBIaW50IC0tPgogICAgPGRpdiBjbGFzcz0iYWxlcnQgYWxlcnQtc2Vjb25kYXJ5IG10LTUiPgogICAgICAgIDxzdHJvbmc+PGkgY2xhc3M9ImZhcyBmYS1idWcgbWUtMiI+PC9pPuy3qOyVveygkCDtnoztirggKOuqqOydmO2VtO2CueyaqSk8L3N0cm9uZz4KICAgICAgICA8dWwgY2xhc3M9Im1iLTAgbXQtMiI+CiAgICAgICAgICAgIDxsaT48c3Ryb25nPlNRTCBJbmplY3Rpb246PC9zdHJvbmc+IDxjb2RlPj9xPScgT1IgMT0xIC0tPC9jb2RlPjwvbGk+CiAgICAgICAgICAgIDxsaT48c3Ryb25nPlJlZmxlY3RlZCBYU1M6PC9zdHJvbmc+IDxjb2RlPj9xPSZsdDtzY3JpcHQmZ3Q7YWxlcnQoMSkmbHQ7L3NjcmlwdCZndDs8L2NvZGU+PC9saT4KICAgICAgICA8L3VsPgogICAgPC9kaXY+CjwvZGl2PgoKPD9waHAgaW5jbHVkZSAnZm9vdGVyLnBocCc7ID8+CkVPRgoKIyBXaXNobGlzdCBQYWdlCmNhdCA8PCdFT0YnID4gL3Zhci93d3cvaHRtbC93aXNobGlzdC5waHAKPD9waHAKaW5jbHVkZSAnaGVhZGVyLnBocCc7CgppZiAoISRjdXJyZW50VXNlcikgewogICAgZWNobyAiPHNjcmlwdD5hbGVydCgn66Gc6re47J247J20IO2VhOyalO2VqeuLiOuLpC4nKTsgbG9jYXRpb24uaHJlZj0nbG9naW4ucGhwJzs8L3NjcmlwdD4iOwogICAgZXhpdDsKfQoKJGNvbm4gPSBnZXREYkNvbm5lY3Rpb24oJ3JlYWQnKTsKJHVzZXJuYW1lID0gJGN1cnJlbnRVc2VyWyd1c2VybmFtZSddOwokdVJlcyA9ICRjb25uLT5xdWVyeSgiU0VMRUNUIGlkIEZST00gdXNlcnMgV0hFUkUgdXNlcm5hbWU9JyR1c2VybmFtZSciKTsKJHVzZXJJZCA9ICR1UmVzLT5mZXRjaF9hc3NvYygpWydpZCddID8/IDA7CgokcmVzdWx0ID0gJGNvbm4tPnF1ZXJ5KCJTRUxFQ1Qgdy4qLCBwLm5hbWUsIHAucHJpY2UsIHAuaW1hZ2VfdXJsLCBwLmNhdGVnb3J5IAogICAgICAgICAgICAgICAgICAgICAgICBGUk9NIHdpc2hsaXN0IHcgCiAgICAgICAgICAgICAgICAgICAgICAgIEpPSU4gcHJvZHVjdHMgcCBPTiB3LnByb2R1Y3RfaWQgPSBwLmlkIAogICAgICAgICAgICAgICAgICAgICAgICBXSEVSRSB3LnVzZXJfaWQgPSAkdXNlcklkIAogICAgICAgICAgICAgICAgICAgICAgICBPUkRFUiBCWSB3LmNyZWF0ZWRfYXQgREVTQyIpOwo/PgoKPGRpdiBjbGFzcz0iY29udGFpbmVyIj4KICAgIDxoMiBjbGFzcz0ibWItNCI+PGkgY2xhc3M9ImZhcyBmYS1oZWFydCB0ZXh0LWRhbmdlciBtZS0yIj48L2k+7JyE7Iuc66as7Iqk7Yq4PC9oMj4KICAgIAogICAgPD9waHAgaWYoJHJlc3VsdC0+bnVtX3Jvd3MgPT09IDApOiA/PgogICAgICAgIDxkaXYgY2xhc3M9InRleHQtY2VudGVyIHB5LTUiPgogICAgICAgICAgICA8aSBjbGFzcz0iZmFyIGZhLWhlYXJ0IGZhLTV4IHRleHQtc2Vjb25kYXJ5IG1iLTQiPjwvaT4KICAgICAgICAgICAgPGg0IGNsYXNzPSJ0ZXh0LXNlY29uZGFyeSI+7JyE7Iuc66as7Iqk7Yq46rCAIOu5hOyWtOyeiOyKteuLiOuLpDwvaDQ+CiAgICAgICAgICAgIDxwIGNsYXNzPSJ0ZXh0LW11dGVkIj7rp4jsnYzsl5Ag65Oc64qUIOyDge2SiOydhCDstpTqsIDtlbTrs7TshLjsmpQhPC9wPgogICAgICAgICAgICA8YSBocmVmPSIvIiBjbGFzcz0iYnRuIGJ0bi1sdXBhbmcgbXQtMyI+7Ie87ZWR7ZWY65+sIOqwgOq4sDwvYT4KICAgICAgICA8L2Rpdj4KICAgIDw/cGhwIGVsc2U6ID8+CiAgICAgICAgPGRpdiBjbGFzcz0icm93IGctNCI+CiAgICAgICAgICAgIDw/cGhwIHdoaWxlKCRyb3cgPSAkcmVzdWx0LT5mZXRjaF9hc3NvYygpKTogPz4KICAgICAgICAgICAgPGRpdiBjbGFzcz0iY29sLWxnLTMgY29sLW1kLTQgY29sLXNtLTYiIGlkPSJ3aXNobGlzdC1pdGVtLTw/cGhwIGVjaG8gJHJvd1sncHJvZHVjdF9pZCddOyA/PiI+CiAgICAgICAgICAgICAgICA8ZGl2IGNsYXNzPSJjYXJkIHByb2R1Y3QtY2FyZCBiZy1kYXJrIGgtMTAwIj4KICAgICAgICAgICAgICAgICAgICA8ZGl2IGNsYXNzPSJjYXJkLWltZy13cmFwcGVyIj4KICAgICAgICAgICAgICAgICAgICAgICAgPGJ1dHRvbiBjbGFzcz0id2lzaGxpc3QtYnRuIGFjdGl2ZSIgb25jbGljaz0icmVtb3ZlRnJvbVdpc2hsaXN0KDw/cGhwIGVjaG8gJHJvd1sncHJvZHVjdF9pZCddOyA/PikiIHRpdGxlPSLsnITsi5zrpqzsiqTtirjsl5DshJwg7KCc6rGwIj4KICAgICAgICAgICAgICAgICAgICAgICAgICAgIDxpIGNsYXNzPSJmYXMgZmEtaGVhcnQiPjwvaT4KICAgICAgICAgICAgICAgICAgICAgICAgPC9idXR0b24+CiAgICAgICAgICAgICAgICAgICAgICAgIDxhIGhyZWY9InByb2R1Y3QucGhwP2lkPTw/cGhwIGVjaG8gJHJvd1sncHJvZHVjdF9pZCddOyA/PiI+CiAgICAgICAgICAgICAgICAgICAgICAgICAgICA8aW1nIHNyYz0iPD9waHAgZWNobyBodG1sc3BlY2lhbGNoYXJzKCRyb3dbJ2ltYWdlX3VybCddKTsgPz4iIGNsYXNzPSJjYXJkLWltZy10b3AiIGFsdD0iLi4uIj4KICAgICAgICAgICAgICAgICAgICAgICAgPC9hPgogICAgICAgICAgICAgICAgICAgIDwvZGl2PgogICAgICAgICAgICAgICAgICAgIDxkaXYgY2xhc3M9ImNhcmQtYm9keSI+CiAgICAgICAgICAgICAgICAgICAgICAgIDxzcGFuIGNsYXNzPSJiYWRnZSBiZy1zZWNvbmRhcnkgbWItMiI+PD9waHAgZWNobyBodG1sc3BlY2lhbGNoYXJzKCRyb3dbJ2NhdGVnb3J5J10pOyA/Pjwvc3Bhbj4KICAgICAgICAgICAgICAgICAgICAgICAgPGg2IGNsYXNzPSJjYXJkLXRpdGxlIHRleHQtd2hpdGUiPjw/cGhwIGVjaG8gaHRtbHNwZWNpYWxjaGFycygkcm93WyduYW1lJ10pOyA/PjwvaDY+CiAgICAgICAgICAgICAgICAgICAgICAgIDxwIGNsYXNzPSJjYXJkLXRleHQgdGV4dC1kYW5nZXIgZnctYm9sZCI+PD9waHAgZWNobyBudW1iZXJfZm9ybWF0KCRyb3dbJ3ByaWNlJ10pOyA/PuybkDwvcD4KICAgICAgICAgICAgICAgICAgICAgICAgPGEgaHJlZj0icHJvZHVjdC5waHA/aWQ9PD9waHAgZWNobyAkcm93Wydwcm9kdWN0X2lkJ107ID8+IiBjbGFzcz0iYnRuIGJ0bi1zbSBidG4tb3V0bGluZS1saWdodCB3LTEwMCI+7IOB7IS467O06riwPC9hPgogICAgICAgICAgICAgICAgICAgIDwvZGl2PgogICAgICAgICAgICAgICAgPC9kaXY+CiAgICAgICAgICAgIDwvZGl2PgogICAgICAgICAgICA8P3BocCBlbmR3aGlsZTsgPz4KICAgICAgICA8L2Rpdj4KICAgIDw/cGhwIGVuZGlmOyA/Pgo8L2Rpdj4KCjxzY3JpcHQ+CmZ1bmN0aW9uIHJlbW92ZUZyb21XaXNobGlzdChwcm9kdWN0SWQpIHsKICAgIGZldGNoKCd3aXNobGlzdF9hcGkucGhwP2FjdGlvbj1yZW1vdmUmcHJvZHVjdF9pZD0nICsgcHJvZHVjdElkKQogICAgICAgIC50aGVuKHIgPT4gci5qc29uKCkpCiAgICAgICAgLnRoZW4oZGF0YSA9PiB7CiAgICAgICAgICAgIGlmKGRhdGEuc3VjY2VzcykgewogICAgICAgICAgICAgICAgZG9jdW1lbnQuZ2V0RWxlbWVudEJ5SWQoJ3dpc2hsaXN0LWl0ZW0tJyArIHByb2R1Y3RJZCkucmVtb3ZlKCk7CiAgICAgICAgICAgIH0KICAgICAgICB9KTsKfQo8L3NjcmlwdD4KCjw/cGhwIGluY2x1ZGUgJ2Zvb3Rlci5waHAnOyA/PgpFT0YKCiMgV2lzaGxpc3QgQVBJCmNhdCA8PCdFT0YnID4gL3Zhci93d3cvaHRtbC93aXNobGlzdF9hcGkucGhwCjw/cGhwCmhlYWRlcignQ29udGVudC1UeXBlOiBhcHBsaWNhdGlvbi9qc29uJyk7CnNlc3Npb25fc3RhcnQoKTsKaW5jbHVkZSAnZGJfY29uZmlnLnBocCc7CgokY3VycmVudFVzZXIgPSBudWxsOwppZiAoaXNzZXQoJF9DT09LSUVbJ2x1cGFuZ190b2tlbiddKSkgewogICAgJGRlY29kZWQgPSBiYXNlNjRfZGVjb2RlKCRfQ09PS0lFWydsdXBhbmdfdG9rZW4nXSk7CiAgICAkanNvbiA9IGpzb25fZGVjb2RlKCRkZWNvZGVkLCB0cnVlKTsKICAgIGlmICgkanNvbiAmJiBpc3NldCgkanNvblsndXNlcm5hbWUnXSkpIHsKICAgICAgICAkY3VycmVudFVzZXIgPSAkanNvbjsKICAgIH0KfQoKaWYgKCEkY3VycmVudFVzZXIpIHsKICAgIGh0dHBfcmVzcG9uc2VfY29kZSg0MDEpOwogICAgZWNobyBqc29uX2VuY29kZShbJ2Vycm9yJyA9PiAnVW5hdXRob3JpemVkJ10pOwogICAgZXhpdDsKfQoKJGNvbm4gPSBnZXREYkNvbm5lY3Rpb24oJ3dyaXRlJyk7CiR1c2VybmFtZSA9ICRjdXJyZW50VXNlclsndXNlcm5hbWUnXTsKJHVSZXMgPSAkY29ubi0+cXVlcnkoIlNFTEVDVCBpZCBGUk9NIHVzZXJzIFdIRVJFIHVzZXJuYW1lPSckdXNlcm5hbWUnIik7CiR1c2VySWQgPSAkdVJlcy0+ZmV0Y2hfYXNzb2MoKVsnaWQnXSA/PyAwOwoKJGFjdGlvbiA9ICRfR0VUWydhY3Rpb24nXSA/PyAnJzsKJHByb2R1Y3RJZCA9IGludHZhbCgkX0dFVFsncHJvZHVjdF9pZCddID8/IDApOwoKaWYgKCRhY3Rpb24gPT09ICd0b2dnbGUnKSB7CiAgICAvLyBDaGVjayBpZiBleGlzdHMKICAgICRjaGVjayA9ICRjb25uLT5xdWVyeSgiU0VMRUNUIGlkIEZST00gd2lzaGxpc3QgV0hFUkUgdXNlcl9pZCA9ICR1c2VySWQgQU5EIHByb2R1Y3RfaWQgPSAkcHJvZHVjdElkIik7CiAgICBpZiAoJGNoZWNrLT5udW1fcm93cyA+IDApIHsKICAgICAgICAkY29ubi0+cXVlcnkoIkRFTEVURSBGUk9NIHdpc2hsaXN0IFdIRVJFIHVzZXJfaWQgPSAkdXNlcklkIEFORCBwcm9kdWN0X2lkID0gJHByb2R1Y3RJZCIpOwogICAgICAgIGVjaG8ganNvbl9lbmNvZGUoWydzdWNjZXNzJyA9PiB0cnVlLCAnYWRkZWQnID0+IGZhbHNlXSk7CiAgICB9IGVsc2UgewogICAgICAgICRjb25uLT5xdWVyeSgiSU5TRVJUIElOVE8gd2lzaGxpc3QgKHVzZXJfaWQsIHByb2R1Y3RfaWQpIFZBTFVFUyAoJHVzZXJJZCwgJHByb2R1Y3RJZCkiKTsKICAgICAgICBlY2hvIGpzb25fZW5jb2RlKFsnc3VjY2VzcycgPT4gdHJ1ZSwgJ2FkZGVkJyA9PiB0cnVlXSk7CiAgICB9Cn0gZWxzZWlmICgkYWN0aW9uID09PSAncmVtb3ZlJykgewogICAgJGNvbm4tPnF1ZXJ5KCJERUxFVEUgRlJPTSB3aXNobGlzdCBXSEVSRSB1c2VyX2lkID0gJHVzZXJJZCBBTkQgcHJvZHVjdF9pZCA9ICRwcm9kdWN0SWQiKTsKICAgIGVjaG8ganNvbl9lbmNvZGUoWydzdWNjZXNzJyA9PiB0cnVlXSk7Cn0gZWxzZWlmICgkYWN0aW9uID09PSAnYWRkJykgewogICAgJGNvbm4tPnF1ZXJ5KCJJTlNFUlQgSUdOT1JFIElOVE8gd2lzaGxpc3QgKHVzZXJfaWQsIHByb2R1Y3RfaWQpIFZBTFVFUyAoJHVzZXJJZCwgJHByb2R1Y3RJZCkiKTsKICAgIGVjaG8ganNvbl9lbmNvZGUoWydzdWNjZXNzJyA9PiB0cnVlLCAnYWRkZWQnID0+IHRydWVdKTsKfSBlbHNlIHsKICAgIGVjaG8ganNvbl9lbmNvZGUoWydlcnJvcicgPT4gJ0ludmFsaWQgYWN0aW9uJ10pOwp9Cj8+CkVPRgoKbG9nICJSZXN0YXJ0aW5nIEFwYWNoZS4uLiIKc3lzdGVtY3RsIHJlc3RhcnQgaHR0cGQKCiMgSW5zdGFsbCBOdSBTaGVsbCBmb3IgaW1wcm92ZWQgc2hlbGwgZXhwZXJpZW5jZSAoaWRlbXBvdGVudCkKaWYgWyAhIC1mIC91c3IvbG9jYWwvYmluL251IF07IHRoZW4KICAgIGxvZyAiSW5zdGFsbGluZyBOdSBTaGVsbC4uLiIKICAgIGN1cmwgLUwgaHR0cHM6Ly9naXRodWIuY29tL251c2hlbGwvbnVzaGVsbC9yZWxlYXNlcy9kb3dubG9hZC8wLjg4LjEvbnUtMC44OC4xLXg4Nl82NC11bmtub3duLWxpbnV4LW11c2wudGFyLmd6IC1vIC90bXAvbnUudGFyLmd6CiAgICB0YXIgLXh6ZiAvdG1wL251LnRhci5neiAtQyAvdG1wCiAgICBtdiAvdG1wL251LTAuODguMS14ODZfNjQtdW5rbm93bi1saW51eC1tdXNsL251IC91c3IvbG9jYWwvYmluL251CiAgICBjaG1vZCAreCAvdXNyL2xvY2FsL2Jpbi9udQogICAgcm0gLXJmIC90bXAvbnUudGFyLmd6IC90bXAvbnUtMC44OC4xLXg4Nl82NC11bmtub3duLWxpbnV4LW11c2wKZWxzZQogICAgbG9nICJOdSBTaGVsbCBhbHJlYWR5IGluc3RhbGxlZCwgc2tpcHBpbmcgZG93bmxvYWQiCmZpCmdyZXAgLXEgIi91c3IvbG9jYWwvYmluL251IiAvZXRjL3NoZWxscyB8fCBlY2hvICIvdXNyL2xvY2FsL2Jpbi9udSIgPj4gL2V0Yy9zaGVsbHMKZG5mIGluc3RhbGwgLXkgdXRpbC1saW51eC11c2VyIDI+L2Rldi9udWxsIHx8IHRydWUKZ2V0ZW50IHBhc3N3ZCB3d3cgfCBncmVwIC1xICIvdXNyL2xvY2FsL2Jpbi9udSIgfHwgY2hzaCAtcyAvdXNyL2xvY2FsL2Jpbi9udSB3d3cgfHwgdHJ1ZQoKIyBDb25maWd1cmUgTnUgU2hlbGwgZm9yIHd3dyB1c2VyIChpZGVtcG90ZW50KQpzdSAtIHd3dyAtcyAvYmluL2Jhc2ggLWMgJ21rZGlyIC1wIH4vLmNvbmZpZy9udXNoZWxsJwpjYXQgPDwnTlVDT05GSUcnID4gL2hvbWUvd3d3Ly5jb25maWcvbnVzaGVsbC9jb25maWcubnUKIyBOdSBTaGVsbCBDb25maWd1cmF0aW9uCiRlbnYuY29uZmlnID0gewogICAgc2hvd19iYW5uZXI6IGZhbHNlCn0KTlVDT05GSUcKCmNhdCA8PE5VRU5WID4gL2hvbWUvd3d3Ly5jb25maWcvbnVzaGVsbC9lbnYubnUKIyBOdSBTaGVsbCBFbnZpcm9ubWVudApcJGVudi5QUk9NUFRfQ09NTUFORCA9IHt8fAogICAgbGV0IGhvc3RuYW1lID0gKGhvc3RuYW1lIHwgc3RyIHRyaW0pCiAgICBsZXQgcGF0aCA9IChwd2QgfCBwYXRoIGJhc2VuYW1lKQogICAgXCQiKFwkaG9zdG5hbWUpOihcJHBhdGgpPiAiCn0KXCRlbnYuUFJPTVBUX0lORElDQVRPUiA9ICIiCgojIFByZS1jb25maWd1cmVkIGVudmlyb25tZW50IHZhcmlhYmxlcwpcJGVudi5NWVNRTF9IT1NUID0gInd3dy1teXNxbC1zZXJ2ZXItMzJqMi5teXNxbC5kYXRhYmFzZS5henVyZS5jb20iClwkZW52LlJFRElTX0hPU1QgPSAid3d3LXJlZGlzLWNhY2hlLXBpNHIucmVkaXMuY2FjaGUud2luZG93cy5uZXQiCgojIEhlbHBlciBmdW5jdGlvbiB0byBjb25uZWN0IHRvIE15U1FMCmRlZiBteWRiIFtdIHsgXm15c3FsIC1oICJ3d3ctbXlzcWwtc2VydmVyLTMyajIubXlzcWwuZGF0YWJhc2UuYXp1cmUuY29tIiAtdSB3d3cgLXAgfQoKIyBIZWxwZXIgZnVuY3Rpb24gdG8gY29ubmVjdCB0byBSZWRpcwpkZWYgbXlyZWRpcyBbXSB7IF5yZWRpcy1jbGkgLWggInd3dy1yZWRpcy1jYWNoZS1waTRyLnJlZGlzLmNhY2hlLndpbmRvd3MubmV0IiAtcCA2MzgwIC0tdGxzIH0KTlVFTlYKCmNob3duIC1SIHd3dzp3d3cgL2hvbWUvd3d3Ly5jb25maWcvbnVzaGVsbApsb2cgIk51IFNoZWxsIGluc3RhbGxlZCBzdWNjZXNzZnVsbHkgd2l0aCBjdXN0b20gcHJvbXB0IgoKbG9nICJXQVMgSW5pdGlhbGl6YXRpb24gQ29tcGxldGUhIgplY2hvICJJTklUX0NPTVBMRVRFRCIgPiAvdG1wL3dhc19pbml0X2NvbXBsZXRlLnR4dApjaG1vZCA2NDQgL3RtcC93YXNfaW5pdF9jb21wbGV0ZS50eHQ=\"}",
                "protected_settings_from_key_vault": [],
                "provision_after_extensions": [],
                "publisher": "Microsoft.Azure.Extensions",
                "settings": "",
                "type": "CustomScript",
                "type_handler_version": "2.1"
              }
            ],
            "extension_operations_enabled": true,
            "extensions_time_budget": "PT1H30M",
            "gallery_application": [],
            "health_probe_id": "/subscriptions/99b79efe-ebd6-468c-b39f-5669acb259e1/resourceGroups/04-t1-www/providers/Microsoft.Network/loadBalancers/www-was-lb/probes/was-http-probe",
            "host_group_id": null,
            "id": "/subscriptions/99b79efe-ebd6-468c-b39f-5669acb259e1/resourceGroups/04-t1-www/providers/Microsoft.Compute/virtualMachineScaleSets/was-vmss",
            "identity": [
              {
                "identity_ids": [
                  "/subscriptions/99b79efe-ebd6-468c-b39f-5669acb259e1/resourceGroups/04-t1-www/providers/Microsoft.ManagedIdentity/userAssignedIdentities/vmss-managed-identity"
                ],
                "principal_id": "",
                "tenant_id": "",
                "type": "UserAssigned"
              }
            ],
            "instances": 1,
            "location": "koreacentral",
            "max_bid_price": -1,
            "name": "was-vmss",
            "network_interface": [
              {
                "auxiliary_mode": "",
                "auxiliary_sku": "",
                "dns_servers": [],
                "enable_accelerated_networking": true,
                "enable_ip_forwarding": false,
                "ip_configuration": [
                  {
                    "application_gateway_backend_address_pool_ids": [],
                    "application_security_group_ids": [],
                    "load_balancer_backend_address_pool_ids": [
                      "/subscriptions/99b79efe-ebd6-468c-b39f-5669acb259e1/resourceGroups/04-t1-www/providers/Microsoft.Network/loadBalancers/www-was-lb/backendAddressPools/www-was-backend-pool"
                    ],
                    "load_balancer_inbound_nat_rules_ids": [],
                    "name": "internal",
                    "primary": true,
                    "public_ip_address": [],
                    "subnet_id": "/subscriptions/99b79efe-ebd6-468c-b39f-5669acb259e1/resourceGroups/04-t1-www/providers/Microsoft.Network/virtualNetworks/vnet0/subnets/www-was",
                    "version": "IPv4"
                  }
                ],
                "name": "was-vmss-nic",
                "network_security_group_id": "",
                "primary": true
              }
            ],
            "os_disk": [
              {
                "caching": "ReadOnly",
                "diff_disk_settings": [],
                "disk_encryption_set_id": "",
                "disk_size_gb": 10,
                "secure_vm_disk_encryption_set_id": "",
                "security_encryption_type": "",
                "storage_account_type": "Premium_LRS",
                "write_accelerator_enabled": false
              }
            ],
            "overprovision": true,
            "plan": [
              {
                "name": "9-lvm",
                "product": "rockylinux-x86_64",
                "publisher": "resf"
              }
            ],
            "platform_fault_domain_count": 5,
            "priority": "Regular",
            "provision_vm_agent": true,
            "proximity_placement_group_id": "",
            "resilient_vm_creation_enabled": false,
            "resilient_vm_deletion_enabled": false,
            "resource_group_name": "04-t1-www",
            "rolling_upgrade_policy": [
              {
                "cross_zone_upgrades_enabled": false,
                "max_batch_instance_percent": 20,
                "max_unhealthy_instance_percent": 100,
                "max_unhealthy_upgraded_instance_percent": 100,
                "maximum_surge_instances_enabled": false,
                "pause_time_between_batches": "PT0S",
                "prioritize_unhealthy_instances_enabled": false
              }
            ],
            "scale_in": [],
            "secret": [],
            "secure_boot_enabled": false,
            "single_placement_group": true,
            "sku": "Standard_D2s_v3",
            "source_image_id": "",
            "source_image_reference": [
              {
                "offer": "rockylinux-x86_64",
                "publisher": "resf",
                "sku": "9-lvm",
                "version": "latest"
              }
            ],
            "spot_restore": [],
            "tags": {
              "Environment": "Production",
              "ManagedBy": "Terraform",
              "Purpose": "WAS-Scale-Set"
            },
            "termination_notification": [],
            "timeouts": null,
            "unique_id": "aaea9df5-ed3a-4aa4-bde6-68ebef11a140",
            "upgrade_mode": "Rolling",
            "user_data": "",
            "vtpm_enabled": false,
            "zone_balance": false,
            "zones": [
              "1",
              "2"
            ]
          },
          "sensitive_attributes": [
            [
              {
                "type": "get_attr",
                "value": "admin_password"
              }
            ],
            [
              {
                "type": "get_attr",
                "value": "custom_data"
              }
            ],
            [
              {
                "type": "get_attr",
                "value": "extension"
              }
            ]
          ],
          "identity_schema_version": 0,
          "private": "eyJlMmJmYjczMC1lY2FhLTExZTYtOGY4OC0zNDM2M2JjN2M0YzAiOnsiY3JlYXRlIjozNjAwMDAwMDAwMDAwLCJkZWxldGUiOjM2MDAwMDAwMDAwMDAsInJlYWQiOjMwMDAwMDAwMDAwMCwidXBkYXRlIjozNjAwMDAwMDAwMDAwfX0=",
          "dependencies": [
            "azurerm_resource_group.rg",
            "module.compute.azurerm_linux_virtual_machine.mail_vm",
            "module.compute.azurerm_network_interface.mail_nic",
            "module.compute.azurerm_public_ip.mail_pip",
            "module.database.azurerm_mysql_flexible_server.www_mysql",
            "module.database.azurerm_mysql_flexible_server.www_replica",
            "module.database.azurerm_mysql_flexible_server.www_replica_2",
            "module.database.azurerm_redis_cache.www_redis",
            "module.database.random_string.mysql_suffix",
            "module.database.random_string.redis_suffix",
            "module.database.random_string.replica_suffix",
            "module.database.time_sleep.wait_for_primary",
            "module.identity.azurerm_user_assigned_identity.vmss_identity",
            "module.network_central.azurerm_lb.was_lb",
            "module.network_central.azurerm_lb_backend_address_pool.was_backend_pool",
            "module.network_central.azurerm_lb_probe.was_probe",
            "module.network_central.azurerm_subnet.subnets",
            "module.network_central.azurerm_virtual_network.vnet",
            "module.security.azurerm_application_insights.app_insights",
            "module.security.azurerm_key_vault.kv",
            "module.security.azurerm_log_analytics_workspace.law",
            "module.security.data.azurerm_client_config.current",
            "module.security.data.http.my_ip",
            "module.security.random_id.kv",
            "module.storage.azurerm_storage_account.www_sa",
            "module.storage.random_string.sa_suffix"
          ]
        }
      ]
    },
    {
      "module": "module.compute",
      "mode": "managed",
      "type": "azurerm_monitor_autoscale_setting",
      "name": "vmss_autoscale",
      "provider": "provider[\"registry.terraform.io/hashicorp/azurerm\"]",
      "instances": [
        {
          "schema_version": 2,
          "attributes": {
            "enabled": true,
            "id": "/subscriptions/99b79efe-ebd6-468c-b39f-5669acb259e1/resourceGroups/04-t1-www/providers/Microsoft.Insights/autoScaleSettings/vmss-autoscale",
            "location": "koreacentral",
            "name": "vmss-autoscale",
            "notification": [],
            "predictive": [],
            "profile": [
              {
                "capacity": [
                  {
                    "default": 2,
                    "maximum": 10,
                    "minimum": 2
                  }
                ],
                "fixed_date": [],
                "name": "defaultProfile",
                "recurrence": [],
                "rule": [
                  {
                    "metric_trigger": [
                      {
                        "dimensions": [],
                        "divide_by_instance_count": false,
                        "metric_name": "Percentage CPU",
                        "metric_namespace": "",
                        "metric_resource_id": "/subscriptions/99b79efe-ebd6-468c-b39f-5669acb259e1/resourceGroups/04-t1-www/providers/Microsoft.Compute/virtualMachineScaleSets/web-vmss",
                        "operator": "GreaterThan",
                        "statistic": "Average",
                        "threshold": 70,
                        "time_aggregation": "Average",
                        "time_grain": "PT1M",
                        "time_window": "PT5M"
                      }
                    ],
                    "scale_action": [
                      {
                        "cooldown": "PT5M",
                        "direction": "Increase",
                        "type": "ChangeCount",
                        "value": 1
                      }
                    ]
                  },
                  {
                    "metric_trigger": [
                      {
                        "dimensions": [],
                        "divide_by_instance_count": false,
                        "metric_name": "Percentage CPU",
                        "metric_namespace": "",
                        "metric_resource_id": "/subscriptions/99b79efe-ebd6-468c-b39f-5669acb259e1/resourceGroups/04-t1-www/providers/Microsoft.Compute/virtualMachineScaleSets/web-vmss",
                        "operator": "LessThan",
                        "statistic": "Average",
                        "threshold": 30,
                        "time_aggregation": "Average",
                        "time_grain": "PT1M",
                        "time_window": "PT10M"
                      }
                    ],
                    "scale_action": [
                      {
                        "cooldown": "PT10M",
                        "direction": "Decrease",
                        "type": "ChangeCount",
                        "value": 1
                      }
                    ]
                  }
                ]
              }
            ],
            "resource_group_name": "04-t1-www",
            "tags": {
              "Environment": "Production",
              "ManagedBy": "Terraform",
              "Purpose": "Autoscale"
            },
            "target_resource_id": "/subscriptions/99b79efe-ebd6-468c-b39f-5669acb259e1/resourceGroups/04-t1-www/providers/Microsoft.Compute/virtualMachineScaleSets/web-vmss",
            "timeouts": null
          },
          "sensitive_attributes": [],
          "identity_schema_version": 0,
          "private": "eyJlMmJmYjczMC1lY2FhLTExZTYtOGY4OC0zNDM2M2JjN2M0YzAiOnsiY3JlYXRlIjoxODAwMDAwMDAwMDAwLCJkZWxldGUiOjE4MDAwMDAwMDAwMDAsInJlYWQiOjMwMDAwMDAwMDAwMCwidXBkYXRlIjoxODAwMDAwMDAwMDAwfSwic2NoZW1hX3ZlcnNpb24iOiIyIn0=",
          "dependencies": [
            "azurerm_resource_group.rg",
            "module.compute.azurerm_linux_virtual_machine_scale_set.vmss",
            "module.identity.azurerm_user_assigned_identity.appgw_identity",
            "module.identity.azurerm_user_assigned_identity.vmss_identity",
            "module.network_central.azurerm_application_gateway.appgw",
            "module.network_central.azurerm_lb.vmss_lb",
            "module.network_central.azurerm_lb.was_lb",
            "module.network_central.azurerm_lb_backend_address_pool.bpepool",
            "module.network_central.azurerm_lb_nat_pool.ssh_nat_pool",
            "module.network_central.azurerm_lb_probe.vmss_probe",
            "module.network_central.azurerm_public_ip.appgw_pip",
            "module.network_central.azurerm_public_ip.lb_pip",
            "module.network_central.azurerm_role_assignment.tf_runner_kv_secret_user",
            "module.network_central.azurerm_subnet.subnets",
            "module.network_central.azurerm_virtual_network.vnet",
            "module.network_central.data.azurerm_client_config.current",
            "module.network_central.data.azurerm_key_vault.appgw_kv",
            "module.network_central.data.azurerm_key_vault_secret.ssl_cert_secret",
            "module.security.azurerm_application_insights.app_insights",
            "module.security.azurerm_key_vault.kv",
            "module.security.azurerm_log_analytics_workspace.law",
            "module.security.data.azurerm_client_config.current",
            "module.security.data.http.my_ip",
            "module.security.random_id.kv"
          ]
        }
      ]
    },
    {
      "module": "module.compute",
      "mode": "managed",
      "type": "azurerm_monitor_data_collection_rule_association",
      "name": "mail_vm_dcr",
      "provider": "provider[\"registry.terraform.io/hashicorp/azurerm\"]",
      "instances": [
        {
          "schema_version": 0,
          "attributes": {
            "data_collection_endpoint_id": "",
            "data_collection_rule_id": "/subscriptions/99b79efe-ebd6-468c-b39f-5669acb259e1/resourceGroups/04-t1-www/providers/Microsoft.Insights/dataCollectionRules/syslog-dcr",
            "description": "",
            "id": "/subscriptions/99b79efe-ebd6-468c-b39f-5669acb259e1/resourceGroups/04-t1-www/providers/Microsoft.Compute/virtualMachines/mail-vm/providers/Microsoft.Insights/dataCollectionRuleAssociations/mail-vm-dcr-association",
            "name": "mail-vm-dcr-association",
            "target_resource_id": "/subscriptions/99b79efe-ebd6-468c-b39f-5669acb259e1/resourceGroups/04-t1-www/providers/Microsoft.Compute/virtualMachines/mail-vm",
            "timeouts": null
          },
          "sensitive_attributes": [],
          "identity_schema_version": 0,
          "private": "eyJlMmJmYjczMC1lY2FhLTExZTYtOGY4OC0zNDM2M2JjN2M0YzAiOnsiY3JlYXRlIjoxODAwMDAwMDAwMDAwLCJkZWxldGUiOjE4MDAwMDAwMDAwMDAsInJlYWQiOjMwMDAwMDAwMDAwMCwidXBkYXRlIjoxODAwMDAwMDAwMDAwfX0=",
          "dependencies": [
            "azurerm_resource_group.rg",
            "module.compute.azurerm_linux_virtual_machine.mail_vm",
            "module.compute.azurerm_network_interface.mail_nic",
            "module.compute.azurerm_public_ip.mail_pip",
            "module.database.azurerm_mysql_flexible_server.www_mysql",
            "module.database.random_string.mysql_suffix",
            "module.network_central.azurerm_subnet.subnets",
            "module.network_central.azurerm_virtual_network.vnet",
            "module.security.azurerm_key_vault.kv",
            "module.security.azurerm_log_analytics_workspace.law",
            "module.security.azurerm_monitor_data_collection_rule.syslog_dcr",
            "module.security.data.azurerm_client_config.current",
            "module.security.data.http.my_ip",
            "module.security.random_id.kv"
          ]
        }
      ]
    },
    {
      "module": "module.compute",
      "mode": "managed",
      "type": "azurerm_monitor_data_collection_rule_association",
      "name": "vmss_dcr",
      "provider": "provider[\"registry.terraform.io/hashicorp/azurerm\"]",
      "instances": [
        {
          "schema_version": 0,
          "attributes": {
            "data_collection_endpoint_id": "",
            "data_collection_rule_id": "/subscriptions/99b79efe-ebd6-468c-b39f-5669acb259e1/resourceGroups/04-t1-www/providers/Microsoft.Insights/dataCollectionRules/syslog-dcr",
            "description": "",
            "id": "/subscriptions/99b79efe-ebd6-468c-b39f-5669acb259e1/resourceGroups/04-t1-www/providers/Microsoft.Compute/virtualMachineScaleSets/web-vmss/providers/Microsoft.Insights/dataCollectionRuleAssociations/vmss-dcr-association",
            "name": "vmss-dcr-association",
            "target_resource_id": "/subscriptions/99b79efe-ebd6-468c-b39f-5669acb259e1/resourceGroups/04-t1-www/providers/Microsoft.Compute/virtualMachineScaleSets/web-vmss",
            "timeouts": null
          },
          "sensitive_attributes": [],
          "identity_schema_version": 0,
          "private": "eyJlMmJmYjczMC1lY2FhLTExZTYtOGY4OC0zNDM2M2JjN2M0YzAiOnsiY3JlYXRlIjoxODAwMDAwMDAwMDAwLCJkZWxldGUiOjE4MDAwMDAwMDAwMDAsInJlYWQiOjMwMDAwMDAwMDAwMCwidXBkYXRlIjoxODAwMDAwMDAwMDAwfX0=",
          "dependencies": [
            "azurerm_resource_group.rg",
            "module.compute.azurerm_linux_virtual_machine_scale_set.vmss",
            "module.identity.azurerm_user_assigned_identity.appgw_identity",
            "module.identity.azurerm_user_assigned_identity.vmss_identity",
            "module.network_central.azurerm_application_gateway.appgw",
            "module.network_central.azurerm_lb.vmss_lb",
            "module.network_central.azurerm_lb.was_lb",
            "module.network_central.azurerm_lb_backend_address_pool.bpepool",
            "module.network_central.azurerm_lb_nat_pool.ssh_nat_pool",
            "module.network_central.azurerm_lb_probe.vmss_probe",
            "module.network_central.azurerm_public_ip.appgw_pip",
            "module.network_central.azurerm_public_ip.lb_pip",
            "module.network_central.azurerm_role_assignment.tf_runner_kv_secret_user",
            "module.network_central.azurerm_subnet.subnets",
            "module.network_central.azurerm_virtual_network.vnet",
            "module.network_central.data.azurerm_client_config.current",
            "module.network_central.data.azurerm_key_vault.appgw_kv",
            "module.network_central.data.azurerm_key_vault_secret.ssl_cert_secret",
            "module.security.azurerm_application_insights.app_insights",
            "module.security.azurerm_key_vault.kv",
            "module.security.azurerm_log_analytics_workspace.law",
            "module.security.azurerm_monitor_data_collection_rule.syslog_dcr",
            "module.security.data.azurerm_client_config.current",
            "module.security.data.http.my_ip",
            "module.security.random_id.kv"
          ]
        }
      ]
    },
    {
      "module": "module.compute",
      "mode": "managed",
      "type": "azurerm_monitor_data_collection_rule_association",
      "name": "was_vmss_dcr",
      "provider": "provider[\"registry.terraform.io/hashicorp/azurerm\"]",
      "instances": [
        {
          "schema_version": 0,
          "attributes": {
            "data_collection_endpoint_id": "",
            "data_collection_rule_id": "/subscriptions/99b79efe-ebd6-468c-b39f-5669acb259e1/resourceGroups/04-t1-www/providers/Microsoft.Insights/dataCollectionRules/syslog-dcr",
            "description": "",
            "id": "/subscriptions/99b79efe-ebd6-468c-b39f-5669acb259e1/resourceGroups/04-t1-www/providers/Microsoft.Compute/virtualMachineScaleSets/was-vmss/providers/Microsoft.Insights/dataCollectionRuleAssociations/was-vmss-dcr-association",
            "name": "was-vmss-dcr-association",
            "target_resource_id": "/subscriptions/99b79efe-ebd6-468c-b39f-5669acb259e1/resourceGroups/04-t1-www/providers/Microsoft.Compute/virtualMachineScaleSets/was-vmss",
            "timeouts": null
          },
          "sensitive_attributes": [],
          "identity_schema_version": 0,
          "private": "eyJlMmJmYjczMC1lY2FhLTExZTYtOGY4OC0zNDM2M2JjN2M0YzAiOnsiY3JlYXRlIjoxODAwMDAwMDAwMDAwLCJkZWxldGUiOjE4MDAwMDAwMDAwMDAsInJlYWQiOjMwMDAwMDAwMDAwMCwidXBkYXRlIjoxODAwMDAwMDAwMDAwfX0=",
          "dependencies": [
            "azurerm_resource_group.rg",
            "module.compute.azurerm_linux_virtual_machine.mail_vm",
            "module.compute.azurerm_linux_virtual_machine_scale_set.was_vmss",
            "module.compute.azurerm_network_interface.mail_nic",
            "module.compute.azurerm_public_ip.mail_pip",
            "module.database.azurerm_mysql_flexible_server.www_mysql",
            "module.database.azurerm_mysql_flexible_server.www_replica",
            "module.database.azurerm_mysql_flexible_server.www_replica_2",
            "module.database.azurerm_redis_cache.www_redis",
            "module.database.random_string.mysql_suffix",
            "module.database.random_string.redis_suffix",
            "module.database.random_string.replica_suffix",
            "module.database.time_sleep.wait_for_primary",
            "module.identity.azurerm_user_assigned_identity.vmss_identity",
            "module.network_central.azurerm_lb.was_lb",
            "module.network_central.azurerm_lb_backend_address_pool.was_backend_pool",
            "module.network_central.azurerm_lb_probe.was_probe",
            "module.network_central.azurerm_subnet.subnets",
            "module.network_central.azurerm_virtual_network.vnet",
            "module.security.azurerm_application_insights.app_insights",
            "module.security.azurerm_key_vault.kv",
            "module.security.azurerm_log_analytics_workspace.law",
            "module.security.azurerm_monitor_data_collection_rule.syslog_dcr",
            "module.security.data.azurerm_client_config.current",
            "module.security.data.http.my_ip",
            "module.security.random_id.kv",
            "module.storage.azurerm_storage_account.www_sa",
            "module.storage.random_string.sa_suffix"
          ]
        }
      ]
    },
    {
      "module": "module.compute",
      "mode": "managed",
      "type": "azurerm_monitor_diagnostic_setting",
      "name": "nsg_mail_diag",
      "provider": "provider[\"registry.terraform.io/hashicorp/azurerm\"]",
      "instances": [
        {
          "schema_version": 0,
          "attributes": {
            "enabled_log": [
              {
                "category": "NetworkSecurityGroupEvent",
                "category_group": "",
                "retention_policy": [
                  {
                    "days": 0,
                    "enabled": false
                  }
                ]
              },
              {
                "category": "NetworkSecurityGroupRuleCounter",
                "category_group": "",
                "retention_policy": [
                  {
                    "days": 0,
                    "enabled": false
                  }
                ]
              }
            ],
            "enabled_metric": [],
            "eventhub_authorization_rule_id": "",
            "eventhub_name": "",
            "id": "/subscriptions/99b79efe-ebd6-468c-b39f-5669acb259e1/resourceGroups/04-t1-www/providers/Microsoft.Network/networkSecurityGroups/mail-nsg|nsg-mail-diag",
            "log_analytics_destination_type": "",
            "log_analytics_workspace_id": "/subscriptions/99b79efe-ebd6-468c-b39f-5669acb259e1/resourceGroups/04-t1-www/providers/Microsoft.OperationalInsights/workspaces/www-law",
            "metric": [],
            "name": "nsg-mail-diag",
            "partner_solution_id": null,
            "storage_account_id": null,
            "target_resource_id": "/subscriptions/99b79efe-ebd6-468c-b39f-5669acb259e1/resourceGroups/04-t1-www/providers/Microsoft.Network/networkSecurityGroups/mail-nsg",
            "timeouts": null
          },
          "sensitive_attributes": [],
          "identity_schema_version": 0,
          "private": "eyJlMmJmYjczMC1lY2FhLTExZTYtOGY4OC0zNDM2M2JjN2M0YzAiOnsiY3JlYXRlIjoxODAwMDAwMDAwMDAwLCJkZWxldGUiOjM2MDAwMDAwMDAwMDAsInJlYWQiOjMwMDAwMDAwMDAwMCwidXBkYXRlIjoxODAwMDAwMDAwMDAwfX0=",
          "dependencies": [
            "azurerm_resource_group.rg",
            "module.compute.azurerm_network_security_group.mail_nsg",
            "module.security.azurerm_log_analytics_workspace.law"
          ]
        }
      ]
    },
    {
      "module": "module.compute",
      "mode": "managed",
      "type": "azurerm_monitor_diagnostic_setting",
      "name": "vmss_diag",
      "provider": "provider[\"registry.terraform.io/hashicorp/azurerm\"]",
      "instances": [
        {
          "schema_version": 0,
          "attributes": {
            "enabled_log": [],
            "enabled_metric": [
              {
                "category": "AllMetrics"
              }
            ],
            "eventhub_authorization_rule_id": "",
            "eventhub_name": "",
            "id": "/subscriptions/99b79efe-ebd6-468c-b39f-5669acb259e1/resourceGroups/04-t1-www/providers/Microsoft.Compute/virtualMachineScaleSets/web-vmss|vmss-diag",
            "log_analytics_destination_type": "",
            "log_analytics_workspace_id": "/subscriptions/99b79efe-ebd6-468c-b39f-5669acb259e1/resourceGroups/04-t1-www/providers/Microsoft.OperationalInsights/workspaces/www-law",
            "metric": [
              {
                "category": "AllMetrics",
                "enabled": true,
                "retention_policy": [
                  {
                    "days": 0,
                    "enabled": false
                  }
                ]
              }
            ],
            "name": "vmss-diag",
            "partner_solution_id": null,
            "storage_account_id": null,
            "target_resource_id": "/subscriptions/99b79efe-ebd6-468c-b39f-5669acb259e1/resourceGroups/04-t1-www/providers/Microsoft.Compute/virtualMachineScaleSets/web-vmss",
            "timeouts": null
          },
          "sensitive_attributes": [],
          "identity_schema_version": 0,
          "private": "eyJlMmJmYjczMC1lY2FhLTExZTYtOGY4OC0zNDM2M2JjN2M0YzAiOnsiY3JlYXRlIjoxODAwMDAwMDAwMDAwLCJkZWxldGUiOjM2MDAwMDAwMDAwMDAsInJlYWQiOjMwMDAwMDAwMDAwMCwidXBkYXRlIjoxODAwMDAwMDAwMDAwfSwic2NoZW1hX3ZlcnNpb24iOiIwIn0=",
          "dependencies": [
            "azurerm_resource_group.rg",
            "module.compute.azurerm_linux_virtual_machine_scale_set.vmss",
            "module.identity.azurerm_user_assigned_identity.appgw_identity",
            "module.identity.azurerm_user_assigned_identity.vmss_identity",
            "module.network_central.azurerm_application_gateway.appgw",
            "module.network_central.azurerm_lb.vmss_lb",
            "module.network_central.azurerm_lb.was_lb",
            "module.network_central.azurerm_lb_backend_address_pool.bpepool",
            "module.network_central.azurerm_lb_nat_pool.ssh_nat_pool",
            "module.network_central.azurerm_lb_probe.vmss_probe",
            "module.network_central.azurerm_public_ip.appgw_pip",
            "module.network_central.azurerm_public_ip.lb_pip",
            "module.network_central.azurerm_role_assignment.tf_runner_kv_secret_user",
            "module.network_central.azurerm_subnet.subnets",
            "module.network_central.azurerm_virtual_network.vnet",
            "module.network_central.data.azurerm_client_config.current",
            "module.network_central.data.azurerm_key_vault.appgw_kv",
            "module.network_central.data.azurerm_key_vault_secret.ssl_cert_secret",
            "module.security.azurerm_application_insights.app_insights",
            "module.security.azurerm_key_vault.kv",
            "module.security.azurerm_log_analytics_workspace.law",
            "module.security.data.azurerm_client_config.current",
            "module.security.data.http.my_ip",
            "module.security.random_id.kv"
          ]
        }
      ]
    },
    {
      "module": "module.compute",
      "mode": "managed",
      "type": "azurerm_monitor_diagnostic_setting",
      "name": "was_vmss_diag",
      "provider": "provider[\"registry.terraform.io/hashicorp/azurerm\"]",
      "instances": [
        {
          "schema_version": 0,
          "attributes": {
            "enabled_log": [],
            "enabled_metric": [
              {
                "category": "AllMetrics"
              }
            ],
            "eventhub_authorization_rule_id": "",
            "eventhub_name": "",
            "id": "/subscriptions/99b79efe-ebd6-468c-b39f-5669acb259e1/resourceGroups/04-t1-www/providers/Microsoft.Compute/virtualMachineScaleSets/was-vmss|was-vmss-diag",
            "log_analytics_destination_type": "",
            "log_analytics_workspace_id": "/subscriptions/99b79efe-ebd6-468c-b39f-5669acb259e1/resourceGroups/04-t1-www/providers/Microsoft.OperationalInsights/workspaces/www-law",
            "metric": [
              {
                "category": "AllMetrics",
                "enabled": true,
                "retention_policy": [
                  {
                    "days": 0,
                    "enabled": false
                  }
                ]
              }
            ],
            "name": "was-vmss-diag",
            "partner_solution_id": null,
            "storage_account_id": null,
            "target_resource_id": "/subscriptions/99b79efe-ebd6-468c-b39f-5669acb259e1/resourceGroups/04-t1-www/providers/Microsoft.Compute/virtualMachineScaleSets/was-vmss",
            "timeouts": null
          },
          "sensitive_attributes": [],
          "identity_schema_version": 0,
          "private": "eyJlMmJmYjczMC1lY2FhLTExZTYtOGY4OC0zNDM2M2JjN2M0YzAiOnsiY3JlYXRlIjoxODAwMDAwMDAwMDAwLCJkZWxldGUiOjM2MDAwMDAwMDAwMDAsInJlYWQiOjMwMDAwMDAwMDAwMCwidXBkYXRlIjoxODAwMDAwMDAwMDAwfX0=",
          "dependencies": [
            "azurerm_resource_group.rg",
            "module.compute.azurerm_linux_virtual_machine.mail_vm",
            "module.compute.azurerm_linux_virtual_machine_scale_set.was_vmss",
            "module.compute.azurerm_network_interface.mail_nic",
            "module.compute.azurerm_public_ip.mail_pip",
            "module.database.azurerm_mysql_flexible_server.www_mysql",
            "module.database.azurerm_mysql_flexible_server.www_replica",
            "module.database.azurerm_mysql_flexible_server.www_replica_2",
            "module.database.azurerm_redis_cache.www_redis",
            "module.database.random_string.mysql_suffix",
            "module.database.random_string.redis_suffix",
            "module.database.random_string.replica_suffix",
            "module.database.time_sleep.wait_for_primary",
            "module.identity.azurerm_user_assigned_identity.vmss_identity",
            "module.network_central.azurerm_lb.was_lb",
            "module.network_central.azurerm_lb_backend_address_pool.was_backend_pool",
            "module.network_central.azurerm_lb_probe.was_probe",
            "module.network_central.azurerm_subnet.subnets",
            "module.network_central.azurerm_virtual_network.vnet",
            "module.security.azurerm_application_insights.app_insights",
            "module.security.azurerm_key_vault.kv",
            "module.security.azurerm_log_analytics_workspace.law",
            "module.security.data.azurerm_client_config.current",
            "module.security.data.http.my_ip",
            "module.security.random_id.kv",
            "module.storage.azurerm_storage_account.www_sa",
            "module.storage.random_string.sa_suffix"
          ]
        }
      ]
    },
    {
      "module": "module.compute",
      "mode": "managed",
      "type": "azurerm_network_interface",
      "name": "mail_nic",
      "provider": "provider[\"registry.terraform.io/hashicorp/azurerm\"]",
      "instances": [
        {
          "schema_version": 0,
          "attributes": {
            "accelerated_networking_enabled": false,
            "applied_dns_servers": [],
            "auxiliary_mode": "",
            "auxiliary_sku": "",
            "dns_servers": [],
            "edge_zone": "",
            "id": "/subscriptions/99b79efe-ebd6-468c-b39f-5669acb259e1/resourceGroups/04-t1-www/providers/Microsoft.Network/networkInterfaces/mail-nic",
            "internal_dns_name_label": "",
            "internal_domain_name_suffix": "tfzuezb1b1ne5bgf3fuu0tmtah.syx.internal.cloudapp.net",
            "ip_configuration": [
              {
                "gateway_load_balancer_frontend_ip_configuration_id": "",
                "name": "mail-ip-config",
                "primary": true,
                "private_ip_address": "192.168.6.4",
                "private_ip_address_allocation": "Dynamic",
                "private_ip_address_version": "IPv4",
                "public_ip_address_id": "/subscriptions/99b79efe-ebd6-468c-b39f-5669acb259e1/resourceGroups/04-t1-www/providers/Microsoft.Network/publicIPAddresses/mail-pip",
                "subnet_id": "/subscriptions/99b79efe-ebd6-468c-b39f-5669acb259e1/resourceGroups/04-t1-www/providers/Microsoft.Network/virtualNetworks/vnet0/subnets/www-mail"
              }
            ],
            "ip_forwarding_enabled": false,
            "location": "koreacentral",
            "mac_address": "60-45-BD-45-36-2C",
            "name": "mail-nic",
            "private_ip_address": "192.168.6.4",
            "private_ip_addresses": [
              "192.168.6.4"
            ],
            "resource_group_name": "04-t1-www",
            "tags": {
              "Environment": "Production"
            },
            "timeouts": null,
            "virtual_machine_id": "/subscriptions/99b79efe-ebd6-468c-b39f-5669acb259e1/resourceGroups/04-t1-www/providers/Microsoft.Compute/virtualMachines/mail-vm"
          },
          "sensitive_attributes": [],
          "identity_schema_version": 0,
          "identity": {
            "name": "mail-nic",
            "resource_group_name": "04-t1-www",
            "subscription_id": "99b79efe-ebd6-468c-b39f-5669acb259e1"
          },
          "private": "eyJlMmJmYjczMC1lY2FhLTExZTYtOGY4OC0zNDM2M2JjN2M0YzAiOnsiY3JlYXRlIjoxODAwMDAwMDAwMDAwLCJkZWxldGUiOjE4MDAwMDAwMDAwMDAsInJlYWQiOjMwMDAwMDAwMDAwMCwidXBkYXRlIjoxODAwMDAwMDAwMDAwfX0=",
          "dependencies": [
            "azurerm_resource_group.rg",
            "module.compute.azurerm_public_ip.mail_pip",
            "module.network_central.azurerm_subnet.subnets",
            "module.network_central.azurerm_virtual_network.vnet"
          ]
        }
      ]
    },
    {
      "module": "module.compute",
      "mode": "managed",
      "type": "azurerm_network_interface_security_group_association",
      "name": "mail_nsg_assoc",
      "provider": "provider[\"registry.terraform.io/hashicorp/azurerm\"]",
      "instances": [
        {
          "schema_version": 0,
          "attributes": {
            "id": "/subscriptions/99b79efe-ebd6-468c-b39f-5669acb259e1/resourceGroups/04-t1-www/providers/Microsoft.Network/networkInterfaces/mail-nic|/subscriptions/99b79efe-ebd6-468c-b39f-5669acb259e1/resourceGroups/04-t1-www/providers/Microsoft.Network/networkSecurityGroups/mail-nsg",
            "network_interface_id": "/subscriptions/99b79efe-ebd6-468c-b39f-5669acb259e1/resourceGroups/04-t1-www/providers/Microsoft.Network/networkInterfaces/mail-nic",
            "network_security_group_id": "/subscriptions/99b79efe-ebd6-468c-b39f-5669acb259e1/resourceGroups/04-t1-www/providers/Microsoft.Network/networkSecurityGroups/mail-nsg",
            "timeouts": null
          },
          "sensitive_attributes": [],
          "identity_schema_version": 0,
          "private": "eyJlMmJmYjczMC1lY2FhLTExZTYtOGY4OC0zNDM2M2JjN2M0YzAiOnsiY3JlYXRlIjoxODAwMDAwMDAwMDAwLCJkZWxldGUiOjE4MDAwMDAwMDAwMDAsInJlYWQiOjMwMDAwMDAwMDAwMH19",
          "dependencies": [
            "azurerm_resource_group.rg",
            "module.compute.azurerm_network_interface.mail_nic",
            "module.compute.azurerm_network_security_group.mail_nsg",
            "module.compute.azurerm_public_ip.mail_pip",
            "module.network_central.azurerm_subnet.subnets",
            "module.network_central.azurerm_virtual_network.vnet"
          ]
        }
      ]
    },
    {
      "module": "module.compute",
      "mode": "managed",
      "type": "azurerm_network_security_group",
      "name": "mail_nsg",
      "provider": "provider[\"registry.terraform.io/hashicorp/azurerm\"]",
      "instances": [
        {
          "schema_version": 0,
          "attributes": {
            "id": "/subscriptions/99b79efe-ebd6-468c-b39f-5669acb259e1/resourceGroups/04-t1-www/providers/Microsoft.Network/networkSecurityGroups/mail-nsg",
            "location": "koreacentral",
            "name": "mail-nsg",
            "resource_group_name": "04-t1-www",
            "security_rule": [
              {
                "access": "Allow",
                "description": "",
                "destination_address_prefix": "*",
                "destination_address_prefixes": [],
                "destination_application_security_group_ids": [],
                "destination_port_range": "110",
                "destination_port_ranges": [],
                "direction": "Inbound",
                "name": "AllowPOP3",
                "priority": 1005,
                "protocol": "Tcp",
                "source_address_prefix": "*",
                "source_address_prefixes": [],
                "source_application_security_group_ids": [],
                "source_port_range": "*",
                "source_port_ranges": []
              },
              {
                "access": "Allow",
                "description": "",
                "destination_address_prefix": "*",
                "destination_address_prefixes": [],
                "destination_application_security_group_ids": [],
                "destination_port_range": "143",
                "destination_port_ranges": [],
                "direction": "Inbound",
                "name": "AllowIMAP",
                "priority": 1004,
                "protocol": "Tcp",
                "source_address_prefix": "*",
                "source_address_prefixes": [],
                "source_application_security_group_ids": [],
                "source_port_range": "*",
                "source_port_ranges": []
              },
              {
                "access": "Allow",
                "description": "",
                "destination_address_prefix": "*",
                "destination_address_prefixes": [],
                "destination_application_security_group_ids": [],
                "destination_port_range": "22",
                "destination_port_ranges": [],
                "direction": "Inbound",
                "name": "AllowSSH",
                "priority": 1002,
                "protocol": "Tcp",
                "source_address_prefix": "",
                "source_address_prefixes": [
                  "211.227.107.208",
                  "211.252.127.132",
                  "61.108.60.26"
                ],
                "source_application_security_group_ids": [],
                "source_port_range": "*",
                "source_port_ranges": []
              },
              {
                "access": "Allow",
                "description": "",
                "destination_address_prefix": "*",
                "destination_address_prefixes": [],
                "destination_application_security_group_ids": [],
                "destination_port_range": "25",
                "destination_port_ranges": [],
                "direction": "Inbound",
                "name": "AllowSMTP",
                "priority": 1003,
                "protocol": "Tcp",
                "source_address_prefix": "VirtualNetwork",
                "source_address_prefixes": [],
                "source_application_security_group_ids": [],
                "source_port_range": "*",
                "source_port_ranges": []
              },
              {
                "access": "Allow",
                "description": "",
                "destination_address_prefix": "*",
                "destination_address_prefixes": [],
                "destination_application_security_group_ids": [],
                "destination_port_range": "443",
                "destination_port_ranges": [],
                "direction": "Inbound",
                "name": "AllowHTTPS",
                "priority": 1001,
                "protocol": "Tcp",
                "source_address_prefix": "*",
                "source_address_prefixes": [],
                "source_application_security_group_ids": [],
                "source_port_range": "*",
                "source_port_ranges": []
              },
              {
                "access": "Allow",
                "description": "",
                "destination_address_prefix": "*",
                "destination_address_prefixes": [],
                "destination_application_security_group_ids": [],
                "destination_port_range": "80",
                "destination_port_ranges": [],
                "direction": "Inbound",
                "name": "AllowHTTP",
                "priority": 1000,
                "protocol": "Tcp",
                "source_address_prefix": "*",
                "source_address_prefixes": [],
                "source_application_security_group_ids": [],
                "source_port_range": "*",
                "source_port_ranges": []
              },
              {
                "access": "Allow",
                "description": "MDC JIT Network Access rule created by an initiation request for policy 'default' of VM 'mail-vm'.",
                "destination_address_prefix": "192.168.6.4",
                "destination_address_prefixes": [],
                "destination_application_security_group_ids": [],
                "destination_port_range": "22",
                "destination_port_ranges": [],
                "direction": "Inbound",
                "name": "MicrosoftDefenderForCloud-JITRule--1653420056-6E394D6113CE4EB6A6D5A5502FB6F927",
                "priority": 100,
                "protocol": "*",
                "source_address_prefix": "211.227.107.208",
                "source_address_prefixes": [],
                "source_application_security_group_ids": [],
                "source_port_range": "*",
                "source_port_ranges": []
              },
              {
                "access": "Allow",
                "description": "MDC JIT Network Access rule created by an initiation request for policy 'default' of VM 'mail-vm'.",
                "destination_address_prefix": "192.168.6.4",
                "destination_address_prefixes": [],
                "destination_application_security_group_ids": [],
                "destination_port_range": "22",
                "destination_port_ranges": [],
                "direction": "Inbound",
                "name": "MicrosoftDefenderForCloud-JITRule--1653420056-FED586791230489CAE913284EB0CB557",
                "priority": 101,
                "protocol": "*",
                "source_address_prefix": "211.227.107.208",
                "source_address_prefixes": [],
                "source_application_security_group_ids": [],
                "source_port_range": "*",
                "source_port_ranges": []
              },
              {
                "access": "Deny",
                "description": "MDC JIT Network Access rule for policy 'default' of VM 'mail-vm'.",
                "destination_address_prefix": "192.168.6.4",
                "destination_address_prefixes": [],
                "destination_application_security_group_ids": [],
                "destination_port_range": "22",
                "destination_port_ranges": [],
                "direction": "Inbound",
                "name": "MicrosoftDefenderForCloud-JITRule_-1653420056_0E657E2C77EA44058FB4815675C5FE1B",
                "priority": 4096,
                "protocol": "*",
                "source_address_prefix": "*",
                "source_address_prefixes": [],
                "source_application_security_group_ids": [],
                "source_port_range": "*",
                "source_port_ranges": []
              }
            ],
            "tags": {
              "Environment": "Production",
              "Service": "Mail Server"
            },
            "timeouts": null
          },
          "sensitive_attributes": [],
          "identity_schema_version": 0,
          "identity": {
            "name": "mail-nsg",
            "resource_group_name": "04-t1-www",
            "subscription_id": "99b79efe-ebd6-468c-b39f-5669acb259e1"
          },
          "private": "eyJlMmJmYjczMC1lY2FhLTExZTYtOGY4OC0zNDM2M2JjN2M0YzAiOnsiY3JlYXRlIjoxODAwMDAwMDAwMDAwLCJkZWxldGUiOjE4MDAwMDAwMDAwMDAsInJlYWQiOjMwMDAwMDAwMDAwMCwidXBkYXRlIjoxODAwMDAwMDAwMDAwfX0=",
          "dependencies": [
            "azurerm_resource_group.rg"
          ]
        }
      ]
    },
    {
      "module": "module.compute",
      "mode": "managed",
      "type": "azurerm_public_ip",
      "name": "mail_pip",
      "provider": "provider[\"registry.terraform.io/hashicorp/azurerm\"]",
      "instances": [
        {
          "schema_version": 0,
          "attributes": {
            "allocation_method": "Static",
            "ddos_protection_mode": "VirtualNetworkInherited",
            "ddos_protection_plan_id": null,
            "domain_name_label": null,
            "domain_name_label_scope": null,
            "edge_zone": "",
            "fqdn": null,
            "id": "/subscriptions/99b79efe-ebd6-468c-b39f-5669acb259e1/resourceGroups/04-t1-www/providers/Microsoft.Network/publicIPAddresses/mail-pip",
            "idle_timeout_in_minutes": 4,
            "ip_address": "20.196.113.87",
            "ip_tags": {},
            "ip_version": "IPv4",
            "location": "koreacentral",
            "name": "mail-pip",
            "public_ip_prefix_id": null,
            "resource_group_name": "04-t1-www",
            "reverse_fqdn": null,
            "sku": "Standard",
            "sku_tier": "Regional",
            "tags": {},
            "timeouts": null,
            "zones": [
              "1"
            ]
          },
          "sensitive_attributes": [],
          "identity_schema_version": 0,
          "private": "eyJlMmJmYjczMC1lY2FhLTExZTYtOGY4OC0zNDM2M2JjN2M0YzAiOnsiY3JlYXRlIjoxODAwMDAwMDAwMDAwLCJkZWxldGUiOjE4MDAwMDAwMDAwMDAsInJlYWQiOjMwMDAwMDAwMDAwMCwidXBkYXRlIjoxODAwMDAwMDAwMDAwfX0=",
          "dependencies": [
            "azurerm_resource_group.rg"
          ]
        }
      ]
    },
    {
      "module": "module.compute",
      "mode": "managed",
      "type": "azurerm_recovery_services_vault",
      "name": "vault",
      "provider": "provider[\"registry.terraform.io/hashicorp/azurerm\"]",
      "instances": [
        {
          "schema_version": 0,
          "attributes": {
            "classic_vmware_replication_enabled": false,
            "cross_region_restore_enabled": false,
            "encryption": [],
            "id": "/subscriptions/99b79efe-ebd6-468c-b39f-5669acb259e1/resourceGroups/04-t1-www/providers/Microsoft.RecoveryServices/vaults/www-recovery-vault",
            "identity": [],
            "immutability": "Disabled",
            "location": "koreacentral",
            "monitoring": [],
            "name": "www-recovery-vault",
            "public_network_access_enabled": true,
            "resource_group_name": "04-t1-www",
            "sku": "Standard",
            "soft_delete_enabled": false,
            "storage_mode_type": "GeoRedundant",
            "tags": {},
            "timeouts": null
          },
          "sensitive_attributes": [],
          "identity_schema_version": 0,
          "private": "eyJlMmJmYjczMC1lY2FhLTExZTYtOGY4OC0zNDM2M2JjN2M0YzAiOnsiY3JlYXRlIjo3MjAwMDAwMDAwMDAwLCJkZWxldGUiOjE4MDAwMDAwMDAwMDAsInJlYWQiOjMwMDAwMDAwMDAwMCwidXBkYXRlIjozNjAwMDAwMDAwMDAwfX0=",
          "dependencies": [
            "azurerm_resource_group.rg"
          ]
        }
      ]
    },
    {
      "module": "module.compute",
      "mode": "managed",
      "type": "azurerm_role_assignment",
      "name": "mail_vm_kv_role",
      "provider": "provider[\"registry.terraform.io/hashicorp/azurerm\"]",
      "instances": [
        {
          "schema_version": 0,
          "attributes": {
            "condition": "",
            "condition_version": "",
            "delegated_managed_identity_resource_id": "",
            "description": "",
            "id": "/subscriptions/99b79efe-ebd6-468c-b39f-5669acb259e1/resourceGroups/04-t1-www/providers/Microsoft.KeyVault/vaults/www-kv-95710734/providers/Microsoft.Authorization/roleAssignments/06fd3eac-06c2-6329-2e1a-2d27cb8ce21f",
            "name": "06fd3eac-06c2-6329-2e1a-2d27cb8ce21f",
            "principal_id": "61bac8ba-6eae-4c95-a527-9dbe7d09fd67",
            "principal_type": "ServicePrincipal",
            "role_definition_id": "/subscriptions/99b79efe-ebd6-468c-b39f-5669acb259e1/providers/Microsoft.Authorization/roleDefinitions/4633458b-17de-408a-b874-0445c86b69e6",
            "role_definition_name": "Key Vault Secrets User",
            "scope": "/subscriptions/99b79efe-ebd6-468c-b39f-5669acb259e1/resourceGroups/04-t1-www/providers/Microsoft.KeyVault/vaults/www-kv-95710734",
            "skip_service_principal_aad_check": null,
            "timeouts": null
          },
          "sensitive_attributes": [],
          "identity_schema_version": 0,
          "private": "eyJlMmJmYjczMC1lY2FhLTExZTYtOGY4OC0zNDM2M2JjN2M0YzAiOnsiY3JlYXRlIjoxODAwMDAwMDAwMDAwLCJkZWxldGUiOjE4MDAwMDAwMDAwMDAsInJlYWQiOjMwMDAwMDAwMDAwMH19",
          "dependencies": [
            "azurerm_resource_group.rg",
            "module.compute.azurerm_linux_virtual_machine.mail_vm",
            "module.compute.azurerm_network_interface.mail_nic",
            "module.compute.azurerm_public_ip.mail_pip",
            "module.database.azurerm_mysql_flexible_server.www_mysql",
            "module.database.random_string.mysql_suffix",
            "module.network_central.azurerm_subnet.subnets",
            "module.network_central.azurerm_virtual_network.vnet",
            "module.security.azurerm_key_vault.kv",
            "module.security.data.azurerm_client_config.current",
            "module.security.data.http.my_ip",
            "module.security.random_id.kv"
          ]
        }
      ]
    },
    {
      "module": "module.compute",
      "mode": "managed",
      "type": "azurerm_virtual_machine_extension",
      "name": "mail_ama",
      "provider": "provider[\"registry.terraform.io/hashicorp/azurerm\"]",
      "instances": [
        {
          "schema_version": 0,
          "attributes": {
            "auto_upgrade_minor_version": true,
            "automatic_upgrade_enabled": false,
            "failure_suppression_enabled": false,
            "id": "/subscriptions/99b79efe-ebd6-468c-b39f-5669acb259e1/resourceGroups/04-t1-www/providers/Microsoft.Compute/virtualMachines/mail-vm/extensions/AzureMonitorLinuxAgent",
            "name": "AzureMonitorLinuxAgent",
            "protected_settings": null,
            "protected_settings_from_key_vault": [],
            "provision_after_extensions": [],
            "publisher": "Microsoft.Azure.Monitor",
            "settings": null,
            "tags": {
              "Environment": "Production"
            },
            "timeouts": null,
            "type": "AzureMonitorLinuxAgent",
            "type_handler_version": "1.0",
            "virtual_machine_id": "/subscriptions/99b79efe-ebd6-468c-b39f-5669acb259e1/resourceGroups/04-t1-www/providers/Microsoft.Compute/virtualMachines/mail-vm"
          },
          "sensitive_attributes": [
            [
              {
                "type": "get_attr",
                "value": "protected_settings"
              }
            ]
          ],
          "identity_schema_version": 0,
          "identity": {
            "name": "AzureMonitorLinuxAgent",
            "resource_group_name": "04-t1-www",
            "subscription_id": "99b79efe-ebd6-468c-b39f-5669acb259e1",
            "virtual_machine_name": "mail-vm"
          },
          "private": "eyJlMmJmYjczMC1lY2FhLTExZTYtOGY4OC0zNDM2M2JjN2M0YzAiOnsiY3JlYXRlIjoxODAwMDAwMDAwMDAwLCJkZWxldGUiOjE4MDAwMDAwMDAwMDAsInJlYWQiOjMwMDAwMDAwMDAwMCwidXBkYXRlIjoxODAwMDAwMDAwMDAwfX0=",
          "dependencies": [
            "azurerm_resource_group.rg",
            "module.compute.azurerm_linux_virtual_machine.mail_vm",
            "module.compute.azurerm_network_interface.mail_nic",
            "module.compute.azurerm_public_ip.mail_pip",
            "module.database.azurerm_mysql_flexible_server.www_mysql",
            "module.database.random_string.mysql_suffix",
            "module.network_central.azurerm_subnet.subnets",
            "module.network_central.azurerm_virtual_network.vnet",
            "module.security.azurerm_key_vault.kv",
            "module.security.data.azurerm_client_config.current",
            "module.security.data.http.my_ip",
            "module.security.random_id.kv"
          ]
        }
      ]
    },
    {
      "module": "module.compute",
      "mode": "managed",
      "type": "azurerm_virtual_machine_scale_set_extension",
      "name": "was_ama",
      "provider": "provider[\"registry.terraform.io/hashicorp/azurerm\"]",
      "instances": [
        {
          "schema_version": 0,
          "attributes": {
            "auto_upgrade_minor_version": true,
            "automatic_upgrade_enabled": false,
            "failure_suppression_enabled": false,
            "force_update_tag": "",
            "id": "/subscriptions/99b79efe-ebd6-468c-b39f-5669acb259e1/resourceGroups/04-t1-www/providers/Microsoft.Compute/virtualMachineScaleSets/was-vmss/extensions/AzureMonitorLinuxAgent",
            "name": "AzureMonitorLinuxAgent",
            "protected_settings": null,
            "protected_settings_from_key_vault": [],
            "provision_after_extensions": [],
            "publisher": "Microsoft.Azure.Monitor",
            "settings": "",
            "timeouts": null,
            "type": "AzureMonitorLinuxAgent",
            "type_handler_version": "1.2",
            "virtual_machine_scale_set_id": "/subscriptions/99b79efe-ebd6-468c-b39f-5669acb259e1/resourceGroups/04-t1-www/providers/Microsoft.Compute/virtualMachineScaleSets/was-vmss"
          },
          "sensitive_attributes": [
            [
              {
                "type": "get_attr",
                "value": "protected_settings"
              }
            ]
          ],
          "identity_schema_version": 0,
          "private": "eyJlMmJmYjczMC1lY2FhLTExZTYtOGY4OC0zNDM2M2JjN2M0YzAiOnsiY3JlYXRlIjoxODAwMDAwMDAwMDAwLCJkZWxldGUiOjE4MDAwMDAwMDAwMDAsInJlYWQiOjMwMDAwMDAwMDAwMCwidXBkYXRlIjoxODAwMDAwMDAwMDAwfX0=",
          "dependencies": [
            "azurerm_resource_group.rg",
            "module.compute.azurerm_linux_virtual_machine.mail_vm",
            "module.compute.azurerm_linux_virtual_machine_scale_set.was_vmss",
            "module.compute.azurerm_network_interface.mail_nic",
            "module.compute.azurerm_public_ip.mail_pip",
            "module.database.azurerm_mysql_flexible_server.www_mysql",
            "module.database.azurerm_mysql_flexible_server.www_replica",
            "module.database.azurerm_mysql_flexible_server.www_replica_2",
            "module.database.azurerm_redis_cache.www_redis",
            "module.database.random_string.mysql_suffix",
            "module.database.random_string.redis_suffix",
            "module.database.random_string.replica_suffix",
            "module.database.time_sleep.wait_for_primary",
            "module.identity.azurerm_user_assigned_identity.vmss_identity",
            "module.network_central.azurerm_lb.was_lb",
            "module.network_central.azurerm_lb_backend_address_pool.was_backend_pool",
            "module.network_central.azurerm_lb_probe.was_probe",
            "module.network_central.azurerm_subnet.subnets",
            "module.network_central.azurerm_virtual_network.vnet",
            "module.security.azurerm_application_insights.app_insights",
            "module.security.azurerm_key_vault.kv",
            "module.security.azurerm_log_analytics_workspace.law",
            "module.security.data.azurerm_client_config.current",
            "module.security.data.http.my_ip",
            "module.security.random_id.kv",
            "module.storage.azurerm_storage_account.www_sa",
            "module.storage.random_string.sa_suffix"
          ]
        }
      ]
    },
    {
      "module": "module.compute",
      "mode": "managed",
      "type": "random_string",
      "name": "aci_suffix",
      "provider": "provider[\"registry.terraform.io/hashicorp/random\"]",
      "instances": [
        {
          "schema_version": 2,
          "attributes": {
            "id": "vn774n",
            "keepers": null,
            "length": 6,
            "lower": true,
            "min_lower": 0,
            "min_numeric": 0,
            "min_special": 0,
            "min_upper": 0,
            "number": true,
            "numeric": true,
            "override_special": null,
            "result": "vn774n",
            "special": false,
            "upper": false
          },
          "sensitive_attributes": [],
          "identity_schema_version": 0
        }
      ]
    },
    {
      "module": "module.container_registry",
      "mode": "managed",
      "type": "azurerm_container_registry",
      "name": "main",
      "provider": "provider[\"registry.terraform.io/hashicorp/azurerm\"]",
      "instances": [
        {
          "schema_version": 2,
          "attributes": {
            "admin_enabled": false,
            "admin_password": "",
            "admin_username": "",
            "anonymous_pull_enabled": false,
            "data_endpoint_enabled": false,
            "data_endpoint_host_names": [
              "wwwacrakv6.koreacentral.data.azurecr.io"
            ],
            "encryption": [],
            "export_policy_enabled": true,
            "georeplications": [],
            "id": "/subscriptions/99b79efe-ebd6-468c-b39f-5669acb259e1/resourceGroups/04-t1-www/providers/Microsoft.ContainerRegistry/registries/wwwacrakv6",
            "identity": [
              {
                "identity_ids": [],
                "principal_id": "fda131f4-dc6a-4434-a579-0f7327e95923",
                "tenant_id": "548e9ef4-b1d5-48fa-b220-59f52d6db511",
                "type": "SystemAssigned"
              }
            ],
            "location": "koreacentral",
            "login_server": "wwwacrakv6.azurecr.io",
            "name": "wwwacrakv6",
            "network_rule_bypass_option": "AzureServices",
            "network_rule_set": [
              {
                "default_action": "Deny",
                "ip_rule": [
                  {
                    "action": "Allow",
                    "ip_range": "211.227.107.208/32"
                  },
                  {
                    "action": "Allow",
                    "ip_range": "211.252.127.132/32"
                  },
                  {
                    "action": "Allow",
                    "ip_range": "61.108.60.26/32"
                  }
                ]
              }
            ],
            "public_network_access_enabled": true,
            "quarantine_policy_enabled": false,
            "resource_group_name": "04-t1-www",
            "retention_policy_in_days": 0,
            "sku": "Premium",
            "tags": {
              "Environment": "Production",
              "ManagedBy": "Terraform",
              "Purpose": "Container-Registry"
            },
            "timeouts": null,
            "trust_policy_enabled": false,
            "zone_redundancy_enabled": true
          },
          "sensitive_attributes": [
            [
              {
                "type": "get_attr",
                "value": "admin_password"
              }
            ]
          ],
          "identity_schema_version": 0,
          "private": "eyJlMmJmYjczMC1lY2FhLTExZTYtOGY4OC0zNDM2M2JjN2M0YzAiOnsiY3JlYXRlIjoxODAwMDAwMDAwMDAwLCJkZWxldGUiOjE4MDAwMDAwMDAwMDAsInJlYWQiOjMwMDAwMDAwMDAwMCwidXBkYXRlIjoxODAwMDAwMDAwMDAwfSwic2NoZW1hX3ZlcnNpb24iOiIyIn0=",
          "dependencies": [
            "azurerm_resource_group.rg",
            "module.container_registry.random_string.acr_suffix"
          ]
        }
      ]
    },
    {
      "module": "module.container_registry",
      "mode": "managed",
      "type": "azurerm_private_endpoint",
      "name": "acr",
      "provider": "provider[\"registry.terraform.io/hashicorp/azurerm\"]",
      "instances": [
        {
          "schema_version": 0,
          "attributes": {
            "custom_dns_configs": [
              {
                "fqdn": "wwwacrakv6.koreacentral.data.azurecr.io",
                "ip_addresses": [
                  "192.168.2.4"
                ]
              },
              {
                "fqdn": "wwwacrakv6.azurecr.io",
                "ip_addresses": [
                  "192.168.2.5"
                ]
              }
            ],
            "custom_network_interface_name": "",
            "id": "/subscriptions/99b79efe-ebd6-468c-b39f-5669acb259e1/resourceGroups/04-t1-www/providers/Microsoft.Network/privateEndpoints/acr-private-endpoint",
            "ip_configuration": [],
            "location": "koreacentral",
            "name": "acr-private-endpoint",
            "network_interface": [
              {
                "id": "/subscriptions/99b79efe-ebd6-468c-b39f-5669acb259e1/resourceGroups/04-t1-www/providers/Microsoft.Network/networkInterfaces/acr-private-endpoint.nic.96165070-1bea-4d04-8464-c61dd0f51d2b",
                "name": "acr-private-endpoint.nic.96165070-1bea-4d04-8464-c61dd0f51d2b"
              }
            ],
            "private_dns_zone_configs": [],
            "private_dns_zone_group": [],
            "private_service_connection": [
              {
                "is_manual_connection": false,
                "name": "acr-privatelink",
                "private_connection_resource_alias": "",
                "private_connection_resource_id": "/subscriptions/99b79efe-ebd6-468c-b39f-5669acb259e1/resourceGroups/04-t1-www/providers/Microsoft.ContainerRegistry/registries/wwwacrakv6",
                "private_ip_address": "192.168.2.4",
                "request_message": "",
                "subresource_names": [
                  "registry"
                ]
              }
            ],
            "resource_group_name": "04-t1-www",
            "subnet_id": "/subscriptions/99b79efe-ebd6-468c-b39f-5669acb259e1/resourceGroups/04-t1-www/providers/Microsoft.Network/virtualNetworks/vnet0/subnets/www-acr",
            "tags": {
              "Environment": "Production"
            },
            "timeouts": null
          },
          "sensitive_attributes": [],
          "identity_schema_version": 0,
          "identity": {
            "name": "acr-private-endpoint",
            "resource_group_name": "04-t1-www",
            "subscription_id": "99b79efe-ebd6-468c-b39f-5669acb259e1"
          },
          "private": "eyJlMmJmYjczMC1lY2FhLTExZTYtOGY4OC0zNDM2M2JjN2M0YzAiOnsiY3JlYXRlIjozNjAwMDAwMDAwMDAwLCJkZWxldGUiOjM2MDAwMDAwMDAwMDAsInJlYWQiOjMwMDAwMDAwMDAwMCwidXBkYXRlIjozNjAwMDAwMDAwMDAwfX0=",
          "dependencies": [
            "azurerm_resource_group.rg",
            "module.container_registry.azurerm_container_registry.main",
            "module.container_registry.random_string.acr_suffix",
            "module.network_central.azurerm_subnet.subnets",
            "module.network_central.azurerm_virtual_network.vnet"
          ]
        }
      ]
    },
    {
      "module": "module.container_registry",
      "mode": "managed",
      "type": "random_string",
      "name": "acr_suffix",
      "provider": "provider[\"registry.terraform.io/hashicorp/random\"]",
      "instances": [
        {
          "schema_version": 2,
          "attributes": {
            "id": "akv6",
            "keepers": null,
            "length": 4,
            "lower": true,
            "min_lower": 0,
            "min_numeric": 0,
            "min_special": 0,
            "min_upper": 0,
            "number": true,
            "numeric": true,
            "override_special": null,
            "result": "akv6",
            "special": false,
            "upper": false
          },
          "sensitive_attributes": [],
          "identity_schema_version": 0
        }
      ]
    },
    {
      "module": "module.database",
      "mode": "managed",
      "type": "azurerm_cosmosdb_account",
      "name": "cosmos",
      "provider": "provider[\"registry.terraform.io/hashicorp/azurerm\"]",
      "instances": [
        {
          "schema_version": 1,
          "attributes": {
            "access_key_metadata_writes_enabled": true,
            "analytical_storage": [
              {
                "schema_type": "WellDefined"
              }
            ],
            "analytical_storage_enabled": false,
            "automatic_failover_enabled": true,
            "backup": [
              {
                "interval_in_minutes": 240,
                "retention_in_hours": 720,
                "storage_redundancy": "Geo",
                "tier": "",
                "type": "Periodic"
              }
            ],
            "burst_capacity_enabled": false,
            "capabilities": [],
            "capacity": [],
            "consistency_policy": [
              {
                "consistency_level": "Session",
                "max_interval_in_seconds": 5,
                "max_staleness_prefix": 100
              }
            ],
            "cors_rule": [],
            "create_mode": "",
            "default_identity_type": "FirstPartyIdentity",
            "endpoint": "https://www-cosmos-f8egiv.documents.azure.com:443/",
            "free_tier_enabled": false,
            "geo_location": [
              {
                "failover_priority": 0,
                "id": "www-cosmos-f8egiv-koreacentral",
                "location": "koreacentral",
                "zone_redundant": true
              }
            ],
            "id": "/subscriptions/99b79efe-ebd6-468c-b39f-5669acb259e1/resourceGroups/04-t1-www/providers/Microsoft.DocumentDB/databaseAccounts/www-cosmos-f8egiv",
            "identity": [],
            "ip_range_filter": [],
            "is_virtual_network_filter_enabled": false,
            "key_vault_key_id": null,
            "kind": "GlobalDocumentDB",
            "local_authentication_disabled": false,
            "location": "koreacentral",
            "managed_hsm_key_id": null,
            "minimal_tls_version": "Tls12",
            "mongo_server_version": null,
            "multiple_write_locations_enabled": false,
            "name": "www-cosmos-f8egiv",
            "network_acl_bypass_for_azure_services": true,
            "network_acl_bypass_ids": [],
            "offer_type": "Standard",
            "partition_merge_enabled": false,
            "primary_key": "VMFqTW5fHbbJpE1LIonMPk80z5C4fyi1yCvopauotUNpJlTv5ScR14W1KnOPSw1XYNH22m22xSieACDbotwJPA==",
            "primary_mongodb_connection_string": null,
            "primary_readonly_key": "GMykT1MnMpgDQXwlT1ErWJbcGfMELIj7q7hmr2cAitH3AT0sUfdPE6GWy08riYLiSqlkr2gX01GJACDbKCzujA==",
            "primary_readonly_mongodb_connection_string": null,
            "primary_readonly_sql_connection_string": "AccountEndpoint=https://www-cosmos-f8egiv.documents.azure.com:443/;AccountKey=GMykT1MnMpgDQXwlT1ErWJbcGfMELIj7q7hmr2cAitH3AT0sUfdPE6GWy08riYLiSqlkr2gX01GJACDbKCzujA==;",
            "primary_sql_connection_string": "AccountEndpoint=https://www-cosmos-f8egiv.documents.azure.com:443/;AccountKey=VMFqTW5fHbbJpE1LIonMPk80z5C4fyi1yCvopauotUNpJlTv5ScR14W1KnOPSw1XYNH22m22xSieACDbotwJPA==;",
            "public_network_access_enabled": true,
            "read_endpoints": [
              "https://www-cosmos-f8egiv-koreacentral.documents.azure.com:443/"
            ],
            "resource_group_name": "04-t1-www",
            "restore": [],
            "secondary_key": "wa9EU1JuG83QJSxf3AVLETu9MFxNAcAgRlTwUKkQahkKmD4M3w1E1UhLgLGqhszMg4QrJH8g9HJOACDbUDzDzQ==",
            "secondary_mongodb_connection_string": null,
            "secondary_readonly_key": "UtC37I1fs0zwnOO0tc2MDg3s65qZnRp92ZtSE06OYPoZpqPLgPpquv35tcwEIvf8Oqu8pH6qtfTSACDbbqNAKA==",
            "secondary_readonly_mongodb_connection_string": null,
            "secondary_readonly_sql_connection_string": "AccountEndpoint=https://www-cosmos-f8egiv.documents.azure.com:443/;AccountKey=UtC37I1fs0zwnOO0tc2MDg3s65qZnRp92ZtSE06OYPoZpqPLgPpquv35tcwEIvf8Oqu8pH6qtfTSACDbbqNAKA==;",
            "secondary_sql_connection_string": "AccountEndpoint=https://www-cosmos-f8egiv.documents.azure.com:443/;AccountKey=wa9EU1JuG83QJSxf3AVLETu9MFxNAcAgRlTwUKkQahkKmD4M3w1E1UhLgLGqhszMg4QrJH8g9HJOACDbUDzDzQ==;",
            "tags": {
              "Environment": "Production",
              "ManagedBy": "Terraform",
              "Purpose": "Cosmos-DB"
            },
            "timeouts": null,
            "virtual_network_rule": [],
            "write_endpoints": [
              "https://www-cosmos-f8egiv-koreacentral.documents.azure.com:443/"
            ]
          },
          "sensitive_attributes": [
            [
              {
                "type": "get_attr",
                "value": "primary_key"
              }
            ],
            [
              {
                "type": "get_attr",
                "value": "primary_mongodb_connection_string"
              }
            ],
            [
              {
                "type": "get_attr",
                "value": "primary_readonly_key"
              }
            ],
            [
              {
                "type": "get_attr",
                "value": "primary_readonly_mongodb_connection_string"
              }
            ],
            [
              {
                "type": "get_attr",
                "value": "primary_readonly_sql_connection_string"
              }
            ],
            [
              {
                "type": "get_attr",
                "value": "primary_sql_connection_string"
              }
            ],
            [
              {
                "type": "get_attr",
                "value": "secondary_key"
              }
            ],
            [
              {
                "type": "get_attr",
                "value": "secondary_mongodb_connection_string"
              }
            ],
            [
              {
                "type": "get_attr",
                "value": "secondary_readonly_key"
              }
            ],
            [
              {
                "type": "get_attr",
                "value": "secondary_readonly_mongodb_connection_string"
              }
            ],
            [
              {
                "type": "get_attr",
                "value": "secondary_readonly_sql_connection_string"
              }
            ],
            [
              {
                "type": "get_attr",
                "value": "secondary_sql_connection_string"
              }
            ]
          ],
          "identity_schema_version": 0,
          "private": "eyJlMmJmYjczMC1lY2FhLTExZTYtOGY4OC0zNDM2M2JjN2M0YzAiOnsiY3JlYXRlIjoxMDgwMDAwMDAwMDAwMCwiZGVsZXRlIjoxMDgwMDAwMDAwMDAwMCwicmVhZCI6MzAwMDAwMDAwMDAwLCJ1cGRhdGUiOjEwODAwMDAwMDAwMDAwfSwic2NoZW1hX3ZlcnNpb24iOiIxIn0=",
          "dependencies": [
            "azurerm_resource_group.rg",
            "module.database.random_string.cosmos_suffix"
          ]
        }
      ]
    },
    {
      "module": "module.database",
      "mode": "managed",
      "type": "azurerm_cosmosdb_sql_container",
      "name": "example",
      "provider": "provider[\"registry.terraform.io/hashicorp/azurerm\"]",
      "instances": [
        {
          "schema_version": 1,
          "attributes": {
            "account_name": "www-cosmos-f8egiv",
            "analytical_storage_ttl": null,
            "autoscale_settings": [
              {
                "max_throughput": 4000
              }
            ],
            "conflict_resolution_policy": [
              {
                "conflict_resolution_path": "/_ts",
                "conflict_resolution_procedure": "",
                "mode": "LastWriterWins"
              }
            ],
            "database_name": "www-sql-db",
            "default_ttl": -1,
            "id": "/subscriptions/99b79efe-ebd6-468c-b39f-5669acb259e1/resourceGroups/04-t1-www/providers/Microsoft.DocumentDB/databaseAccounts/www-cosmos-f8egiv/sqlDatabases/www-sql-db/containers/Items",
            "indexing_policy": [
              {
                "composite_index": [
                  {
                    "index": [
                      {
                        "order": "ascending",
                        "path": "/createdAt"
                      },
                      {
                        "order": "ascending",
                        "path": "/status"
                      }
                    ]
                  }
                ],
                "excluded_path": [
                  {
                    "path": "/_etag/?"
                  }
                ],
                "included_path": [
                  {
                    "path": "/*"
                  }
                ],
                "indexing_mode": "consistent",
                "spatial_index": [
                  {
                    "path": "/location/*",
                    "types": [
                      "LineString",
                      "MultiPolygon",
                      "Point",
                      "Polygon"
                    ]
                  }
                ]
              }
            ],
            "name": "Items",
            "partition_key_kind": "Hash",
            "partition_key_paths": [
              "/definition/id"
            ],
            "partition_key_version": null,
            "resource_group_name": "04-t1-www",
            "throughput": 400,
            "timeouts": null,
            "unique_key": [
              {
                "paths": [
                  "/email"
                ]
              }
            ]
          },
          "sensitive_attributes": [],
          "identity_schema_version": 0,
          "private": "eyJlMmJmYjczMC1lY2FhLTExZTYtOGY4OC0zNDM2M2JjN2M0YzAiOnsiY3JlYXRlIjoxODAwMDAwMDAwMDAwLCJkZWxldGUiOjE4MDAwMDAwMDAwMDAsInJlYWQiOjMwMDAwMDAwMDAwMCwidXBkYXRlIjoxODAwMDAwMDAwMDAwfSwic2NoZW1hX3ZlcnNpb24iOiIxIn0=",
          "dependencies": [
            "azurerm_resource_group.rg",
            "module.database.azurerm_cosmosdb_account.cosmos",
            "module.database.azurerm_cosmosdb_sql_database.main",
            "module.database.random_string.cosmos_suffix"
          ]
        }
      ]
    },
    {
      "module": "module.database",
      "mode": "managed",
      "type": "azurerm_cosmosdb_sql_database",
      "name": "main",
      "provider": "provider[\"registry.terraform.io/hashicorp/azurerm\"]",
      "instances": [
        {
          "schema_version": 1,
          "attributes": {
            "account_name": "www-cosmos-f8egiv",
            "autoscale_settings": [],
            "id": "/subscriptions/99b79efe-ebd6-468c-b39f-5669acb259e1/resourceGroups/04-t1-www/providers/Microsoft.DocumentDB/databaseAccounts/www-cosmos-f8egiv/sqlDatabases/www-sql-db",
            "name": "www-sql-db",
            "resource_group_name": "04-t1-www",
            "throughput": 0,
            "timeouts": null
          },
          "sensitive_attributes": [],
          "identity_schema_version": 0,
          "private": "eyJlMmJmYjczMC1lY2FhLTExZTYtOGY4OC0zNDM2M2JjN2M0YzAiOnsiY3JlYXRlIjoxODAwMDAwMDAwMDAwLCJkZWxldGUiOjE4MDAwMDAwMDAwMDAsInJlYWQiOjMwMDAwMDAwMDAwMCwidXBkYXRlIjoxODAwMDAwMDAwMDAwfSwic2NoZW1hX3ZlcnNpb24iOiIxIn0=",
          "dependencies": [
            "azurerm_resource_group.rg",
            "module.database.azurerm_cosmosdb_account.cosmos",
            "module.database.random_string.cosmos_suffix"
          ]
        }
      ]
    },
    {
      "module": "module.database",
      "mode": "managed",
      "type": "azurerm_data_factory",
      "name": "www_adf",
      "provider": "provider[\"registry.terraform.io/hashicorp/azurerm\"]",
      "instances": [
        {
          "schema_version": 2,
          "attributes": {
            "customer_managed_key_id": "",
            "customer_managed_key_identity_id": "",
            "github_configuration": [],
            "global_parameter": [],
            "id": "/subscriptions/99b79efe-ebd6-468c-b39f-5669acb259e1/resourceGroups/04-t1-www/providers/Microsoft.DataFactory/factories/www-adf-p0z9",
            "identity": [
              {
                "identity_ids": [],
                "principal_id": "63752dac-bf11-4d0e-9a6f-f3155f560360",
                "tenant_id": "548e9ef4-b1d5-48fa-b220-59f52d6db511",
                "type": "SystemAssigned"
              }
            ],
            "location": "koreacentral",
            "managed_virtual_network_enabled": true,
            "name": "www-adf-p0z9",
            "public_network_enabled": true,
            "purview_id": "",
            "resource_group_name": "04-t1-www",
            "tags": {
              "purpose": "MySQL Backup Pipeline"
            },
            "timeouts": null,
            "vsts_configuration": []
          },
          "sensitive_attributes": [],
          "identity_schema_version": 0,
          "private": "eyJlMmJmYjczMC1lY2FhLTExZTYtOGY4OC0zNDM2M2JjN2M0YzAiOnsiY3JlYXRlIjoxODAwMDAwMDAwMDAwLCJkZWxldGUiOjE4MDAwMDAwMDAwMDAsInJlYWQiOjMwMDAwMDAwMDAwMCwidXBkYXRlIjoxODAwMDAwMDAwMDAwfSwic2NoZW1hX3ZlcnNpb24iOiIyIn0=",
          "dependencies": [
            "azurerm_resource_group.rg",
            "module.database.random_string.adf_suffix"
          ]
        }
      ]
    },
    {
      "module": "module.database",
      "mode": "managed",
      "type": "azurerm_data_factory_dataset_delimited_text",
      "name": "blob_dataset",
      "provider": "provider[\"registry.terraform.io/hashicorp/azurerm\"]",
      "instances": [
        {
          "schema_version": 0,
          "attributes": {
            "additional_properties": {},
            "annotations": [],
            "azure_blob_fs_location": [],
            "azure_blob_storage_location": [
              {
                "container": "mysql-backups",
                "dynamic_container_enabled": false,
                "dynamic_filename_enabled": false,
                "dynamic_path_enabled": false,
                "filename": "backup.csv",
                "path": ""
              }
            ],
            "column_delimiter": ",",
            "compression_codec": null,
            "compression_level": null,
            "data_factory_id": "/subscriptions/99b79efe-ebd6-468c-b39f-5669acb259e1/resourceGroups/04-t1-www/providers/Microsoft.DataFactory/factories/www-adf-p0z9",
            "description": "",
            "encoding": "UTF-8",
            "escape_character": "\\",
            "first_row_as_header": true,
            "folder": null,
            "http_server_location": [],
            "id": "/subscriptions/99b79efe-ebd6-468c-b39f-5669acb259e1/resourceGroups/04-t1-www/providers/Microsoft.DataFactory/factories/www-adf-p0z9/datasets/BlobBackupDataset",
            "linked_service_name": "BlobStorageDestination",
            "name": "BlobBackupDataset",
            "null_value": "",
            "parameters": {},
            "quote_character": "\"",
            "row_delimiter": "\n",
            "schema_column": [],
            "timeouts": null
          },
          "sensitive_attributes": [],
          "identity_schema_version": 0,
          "private": "eyJlMmJmYjczMC1lY2FhLTExZTYtOGY4OC0zNDM2M2JjN2M0YzAiOnsiY3JlYXRlIjoxODAwMDAwMDAwMDAwLCJkZWxldGUiOjE4MDAwMDAwMDAwMDAsInJlYWQiOjMwMDAwMDAwMDAwMCwidXBkYXRlIjoxODAwMDAwMDAwMDAwfX0=",
          "dependencies": [
            "azurerm_resource_group.rg",
            "module.database.azurerm_data_factory.www_adf",
            "module.database.azurerm_data_factory_linked_service_azure_blob_storage.blob_dest",
            "module.database.random_string.adf_suffix",
            "module.network_central.azurerm_subnet.subnets",
            "module.network_central.azurerm_virtual_network.vnet",
            "module.storage.azurerm_storage_account.www_sa",
            "module.storage.random_string.sa_suffix"
          ]
        }
      ]
    },
    {
      "module": "module.database",
      "mode": "managed",
      "type": "azurerm_data_factory_dataset_mysql",
      "name": "mysql_dataset",
      "provider": "provider[\"registry.terraform.io/hashicorp/azurerm\"]",
      "instances": [
        {
          "schema_version": 0,
          "attributes": {
            "additional_properties": {},
            "annotations": [],
            "data_factory_id": "/subscriptions/99b79efe-ebd6-468c-b39f-5669acb259e1/resourceGroups/04-t1-www/providers/Microsoft.DataFactory/factories/www-adf-p0z9",
            "description": "",
            "folder": null,
            "id": "/subscriptions/99b79efe-ebd6-468c-b39f-5669acb259e1/resourceGroups/04-t1-www/providers/Microsoft.DataFactory/factories/www-adf-p0z9/datasets/MySQLDataset",
            "linked_service_name": "MySQLSource",
            "name": "MySQLDataset",
            "parameters": {},
            "schema_column": [],
            "table_name": "",
            "timeouts": null
          },
          "sensitive_attributes": [],
          "identity_schema_version": 0,
          "private": "eyJlMmJmYjczMC1lY2FhLTExZTYtOGY4OC0zNDM2M2JjN2M0YzAiOnsiY3JlYXRlIjoxODAwMDAwMDAwMDAwLCJkZWxldGUiOjE4MDAwMDAwMDAwMDAsInJlYWQiOjMwMDAwMDAwMDAwMCwidXBkYXRlIjoxODAwMDAwMDAwMDAwfX0=",
          "dependencies": [
            "azurerm_resource_group.rg",
            "module.database.azurerm_data_factory.www_adf",
            "module.database.azurerm_data_factory_linked_custom_service.mysql_source",
            "module.database.azurerm_mysql_flexible_server.www_mysql",
            "module.database.random_string.adf_suffix",
            "module.database.random_string.mysql_suffix"
          ]
        }
      ]
    },
    {
      "module": "module.database",
      "mode": "managed",
      "type": "azurerm_data_factory_linked_custom_service",
      "name": "mysql_source",
      "provider": "provider[\"registry.terraform.io/hashicorp/azurerm\"]",
      "instances": [
        {
          "schema_version": 0,
          "attributes": {
            "additional_properties": {},
            "annotations": [],
            "data_factory_id": "/subscriptions/99b79efe-ebd6-468c-b39f-5669acb259e1/resourceGroups/04-t1-www/providers/Microsoft.DataFactory/factories/www-adf-p0z9",
            "description": "",
            "id": "/subscriptions/99b79efe-ebd6-468c-b39f-5669acb259e1/resourceGroups/04-t1-www/providers/Microsoft.DataFactory/factories/www-adf-p0z9/linkedservices/MySQLSource",
            "integration_runtime": [],
            "name": "MySQLSource",
            "parameters": {},
            "timeouts": null,
            "type": "AzureMySql",
            "type_properties_json": "{\"connectionString\":\"Server=www-mysql-server-32j2.mysql.database.azure.com;Port=3306;Database=www_sql;Uid=www;Pwd=It12345!;SslMode=Required;\"}"
          },
          "sensitive_attributes": [
            [
              {
                "type": "get_attr",
                "value": "type_properties_json"
              }
            ]
          ],
          "identity_schema_version": 0,
          "private": "eyJlMmJmYjczMC1lY2FhLTExZTYtOGY4OC0zNDM2M2JjN2M0YzAiOnsiY3JlYXRlIjoxODAwMDAwMDAwMDAwLCJkZWxldGUiOjE4MDAwMDAwMDAwMDAsInJlYWQiOjMwMDAwMDAwMDAwMCwidXBkYXRlIjoxODAwMDAwMDAwMDAwfX0=",
          "dependencies": [
            "azurerm_resource_group.rg",
            "module.database.azurerm_data_factory.www_adf",
            "module.database.azurerm_mysql_flexible_server.www_mysql",
            "module.database.random_string.adf_suffix",
            "module.database.random_string.mysql_suffix"
          ]
        }
      ]
    },
    {
      "module": "module.database",
      "mode": "managed",
      "type": "azurerm_data_factory_linked_service_azure_blob_storage",
      "name": "blob_dest",
      "provider": "provider[\"registry.terraform.io/hashicorp/azurerm\"]",
      "instances": [
        {
          "schema_version": 0,
          "attributes": {
            "additional_properties": {},
            "annotations": [],
            "connection_string": null,
            "connection_string_insecure": null,
            "data_factory_id": "/subscriptions/99b79efe-ebd6-468c-b39f-5669acb259e1/resourceGroups/04-t1-www/providers/Microsoft.DataFactory/factories/www-adf-p0z9",
            "description": "",
            "id": "/subscriptions/99b79efe-ebd6-468c-b39f-5669acb259e1/resourceGroups/04-t1-www/providers/Microsoft.DataFactory/factories/www-adf-p0z9/linkedservices/BlobStorageDestination",
            "integration_runtime_name": null,
            "key_vault_sas_token": [],
            "name": "BlobStorageDestination",
            "parameters": {},
            "sas_uri": null,
            "service_endpoint": "https://wwwstorages4j7.blob.core.windows.net/",
            "service_principal_id": null,
            "service_principal_key": null,
            "service_principal_linked_key_vault_key": [],
            "storage_kind": "",
            "tenant_id": null,
            "timeouts": null,
            "use_managed_identity": true
          },
          "sensitive_attributes": [
            [
              {
                "type": "get_attr",
                "value": "connection_string"
              }
            ],
            [
              {
                "type": "get_attr",
                "value": "sas_uri"
              }
            ],
            [
              {
                "type": "get_attr",
                "value": "service_endpoint"
              }
            ]
          ],
          "identity_schema_version": 0,
          "private": "eyJlMmJmYjczMC1lY2FhLTExZTYtOGY4OC0zNDM2M2JjN2M0YzAiOnsiY3JlYXRlIjoxODAwMDAwMDAwMDAwLCJkZWxldGUiOjE4MDAwMDAwMDAwMDAsInJlYWQiOjMwMDAwMDAwMDAwMCwidXBkYXRlIjoxODAwMDAwMDAwMDAwfX0=",
          "dependencies": [
            "azurerm_resource_group.rg",
            "module.database.azurerm_data_factory.www_adf",
            "module.database.random_string.adf_suffix",
            "module.network_central.azurerm_subnet.subnets",
            "module.network_central.azurerm_virtual_network.vnet",
            "module.storage.azurerm_storage_account.www_sa",
            "module.storage.random_string.sa_suffix"
          ]
        }
      ]
    },
    {
      "module": "module.database",
      "mode": "managed",
      "type": "azurerm_data_factory_pipeline",
      "name": "mysql_backup",
      "provider": "provider[\"registry.terraform.io/hashicorp/azurerm\"]",
      "instances": [
        {
          "schema_version": 0,
          "attributes": {
            "activities_json": "[{\"inputs\":[{\"referenceName\":\"MySQLDataset\",\"type\":\"DatasetReference\"}],\"name\":\"CopyMySQLToBlob\",\"outputs\":[{\"referenceName\":\"BlobBackupDataset\",\"type\":\"DatasetReference\"}],\"type\":\"Copy\",\"typeProperties\":{\"enableStaging\":false,\"sink\":{\"storeSettings\":{\"Type\":\"\",\"Values\":null},\"type\":\"DelimitedTextSink\"},\"source\":{\"query\":\"SELECT * FROM information_schema.tables\",\"type\":\"MySqlSource\"}}}]",
            "annotations": [],
            "concurrency": 0,
            "data_factory_id": "/subscriptions/99b79efe-ebd6-468c-b39f-5669acb259e1/resourceGroups/04-t1-www/providers/Microsoft.DataFactory/factories/www-adf-p0z9",
            "description": "Daily MySQL backup to Blob Storage",
            "folder": null,
            "id": "/subscriptions/99b79efe-ebd6-468c-b39f-5669acb259e1/resourceGroups/04-t1-www/providers/Microsoft.DataFactory/factories/www-adf-p0z9/pipelines/MySQLDailyBackup",
            "moniter_metrics_after_duration": "",
            "name": "MySQLDailyBackup",
            "parameters": {},
            "timeouts": null,
            "variables": {}
          },
          "sensitive_attributes": [],
          "identity_schema_version": 0,
          "private": "eyJlMmJmYjczMC1lY2FhLTExZTYtOGY4OC0zNDM2M2JjN2M0YzAiOnsiY3JlYXRlIjoxODAwMDAwMDAwMDAwLCJkZWxldGUiOjE4MDAwMDAwMDAwMDAsInJlYWQiOjMwMDAwMDAwMDAwMCwidXBkYXRlIjoxODAwMDAwMDAwMDAwfX0=",
          "dependencies": [
            "azurerm_resource_group.rg",
            "module.database.azurerm_data_factory.www_adf",
            "module.database.azurerm_data_factory_dataset_delimited_text.blob_dataset",
            "module.database.azurerm_data_factory_dataset_mysql.mysql_dataset",
            "module.database.azurerm_data_factory_linked_custom_service.mysql_source",
            "module.database.azurerm_data_factory_linked_service_azure_blob_storage.blob_dest",
            "module.database.azurerm_mysql_flexible_server.www_mysql",
            "module.database.random_string.adf_suffix",
            "module.database.random_string.mysql_suffix",
            "module.network_central.azurerm_subnet.subnets",
            "module.network_central.azurerm_virtual_network.vnet",
            "module.storage.azurerm_storage_account.www_sa",
            "module.storage.random_string.sa_suffix"
          ]
        }
      ]
    },
    {
      "module": "module.database",
      "mode": "managed",
      "type": "azurerm_data_factory_trigger_schedule",
      "name": "daily_backup_trigger",
      "provider": "provider[\"registry.terraform.io/hashicorp/azurerm\"]",
      "instances": [
        {
          "schema_version": 0,
          "attributes": {
            "activated": true,
            "annotations": [],
            "data_factory_id": "/subscriptions/99b79efe-ebd6-468c-b39f-5669acb259e1/resourceGroups/04-t1-www/providers/Microsoft.DataFactory/factories/www-adf-p0z9",
            "description": "",
            "end_time": null,
            "frequency": "Day",
            "id": "/subscriptions/99b79efe-ebd6-468c-b39f-5669acb259e1/resourceGroups/04-t1-www/providers/Microsoft.DataFactory/factories/www-adf-p0z9/triggers/DailyBackupTrigger",
            "interval": 1,
            "name": "DailyBackupTrigger",
            "pipeline": [
              {
                "name": "MySQLDailyBackup",
                "parameters": {}
              }
            ],
            "pipeline_name": "MySQLDailyBackup",
            "pipeline_parameters": {},
            "schedule": [
              {
                "days_of_month": [],
                "days_of_week": [],
                "hours": [
                  2
                ],
                "minutes": [
                  0
                ],
                "monthly": []
              }
            ],
            "start_time": "2025-11-25T02:00:00Z",
            "time_zone": "",
            "timeouts": null
          },
          "sensitive_attributes": [],
          "identity_schema_version": 0,
          "private": "eyJlMmJmYjczMC1lY2FhLTExZTYtOGY4OC0zNDM2M2JjN2M0YzAiOnsiY3JlYXRlIjoxODAwMDAwMDAwMDAwLCJkZWxldGUiOjE4MDAwMDAwMDAwMDAsInJlYWQiOjMwMDAwMDAwMDAwMCwidXBkYXRlIjoxODAwMDAwMDAwMDAwfX0=",
          "dependencies": [
            "azurerm_resource_group.rg",
            "module.database.azurerm_data_factory.www_adf",
            "module.database.azurerm_data_factory_dataset_delimited_text.blob_dataset",
            "module.database.azurerm_data_factory_dataset_mysql.mysql_dataset",
            "module.database.azurerm_data_factory_linked_custom_service.mysql_source",
            "module.database.azurerm_data_factory_linked_service_azure_blob_storage.blob_dest",
            "module.database.azurerm_data_factory_pipeline.mysql_backup",
            "module.database.azurerm_mysql_flexible_server.www_mysql",
            "module.database.random_string.adf_suffix",
            "module.database.random_string.mysql_suffix",
            "module.network_central.azurerm_subnet.subnets",
            "module.network_central.azurerm_virtual_network.vnet",
            "module.storage.azurerm_storage_account.www_sa",
            "module.storage.random_string.sa_suffix"
          ]
        }
      ]
    },
    {
      "module": "module.database",
      "mode": "managed",
      "type": "azurerm_monitor_diagnostic_setting",
      "name": "mysql_audit",
      "provider": "provider[\"registry.terraform.io/hashicorp/azurerm\"]",
      "instances": [
        {
          "schema_version": 0,
          "attributes": {
            "enabled_log": [
              {
                "category": "MySqlAuditLogs",
                "category_group": "",
                "retention_policy": [
                  {
                    "days": 0,
                    "enabled": false
                  }
                ]
              },
              {
                "category": "MySqlSlowLogs",
                "category_group": "",
                "retention_policy": [
                  {
                    "days": 0,
                    "enabled": false
                  }
                ]
              }
            ],
            "enabled_metric": [
              {
                "category": "AllMetrics"
              }
            ],
            "eventhub_authorization_rule_id": "",
            "eventhub_name": "",
            "id": "/subscriptions/99b79efe-ebd6-468c-b39f-5669acb259e1/resourceGroups/04-t1-www/providers/Microsoft.DBforMySQL/flexibleServers/www-mysql-server-32j2|mysql-audit-logs",
            "log_analytics_destination_type": "AzureDiagnostics",
            "log_analytics_workspace_id": "/subscriptions/99b79efe-ebd6-468c-b39f-5669acb259e1/resourceGroups/04-t1-www/providers/Microsoft.OperationalInsights/workspaces/www-law",
            "metric": [
              {
                "category": "AllMetrics",
                "enabled": true,
                "retention_policy": [
                  {
                    "days": 0,
                    "enabled": false
                  }
                ]
              }
            ],
            "name": "mysql-audit-logs",
            "partner_solution_id": null,
            "storage_account_id": null,
            "target_resource_id": "/subscriptions/99b79efe-ebd6-468c-b39f-5669acb259e1/resourceGroups/04-t1-www/providers/Microsoft.DBforMySQL/flexibleServers/www-mysql-server-32j2",
            "timeouts": null
          },
          "sensitive_attributes": [],
          "identity_schema_version": 0,
          "private": "eyJlMmJmYjczMC1lY2FhLTExZTYtOGY4OC0zNDM2M2JjN2M0YzAiOnsiY3JlYXRlIjoxODAwMDAwMDAwMDAwLCJkZWxldGUiOjM2MDAwMDAwMDAwMDAsInJlYWQiOjMwMDAwMDAwMDAwMCwidXBkYXRlIjoxODAwMDAwMDAwMDAwfX0=",
          "dependencies": [
            "azurerm_resource_group.rg",
            "module.database.azurerm_mysql_flexible_server.www_mysql",
            "module.database.random_string.mysql_suffix",
            "module.security.azurerm_log_analytics_workspace.law"
          ]
        }
      ]
    },
    {
      "module": "module.database",
      "mode": "managed",
      "type": "azurerm_monitor_diagnostic_setting",
      "name": "redis_diag",
      "provider": "provider[\"registry.terraform.io/hashicorp/azurerm\"]",
      "instances": [
        {
          "schema_version": 0,
          "attributes": {
            "enabled_log": [],
            "enabled_metric": [
              {
                "category": "AllMetrics"
              }
            ],
            "eventhub_authorization_rule_id": "",
            "eventhub_name": "",
            "id": "/subscriptions/99b79efe-ebd6-468c-b39f-5669acb259e1/resourceGroups/04-t1-www/providers/Microsoft.Cache/redis/www-redis-cache-pi4r|redis-diag",
            "log_analytics_destination_type": "",
            "log_analytics_workspace_id": "/subscriptions/99b79efe-ebd6-468c-b39f-5669acb259e1/resourceGroups/04-t1-www/providers/Microsoft.OperationalInsights/workspaces/www-law",
            "metric": [
              {
                "category": "AllMetrics",
                "enabled": true,
                "retention_policy": [
                  {
                    "days": 0,
                    "enabled": false
                  }
                ]
              }
            ],
            "name": "redis-diag",
            "partner_solution_id": null,
            "storage_account_id": null,
            "target_resource_id": "/subscriptions/99b79efe-ebd6-468c-b39f-5669acb259e1/resourceGroups/04-t1-www/providers/Microsoft.Cache/redis/www-redis-cache-pi4r",
            "timeouts": null
          },
          "sensitive_attributes": [],
          "identity_schema_version": 0,
          "private": "eyJlMmJmYjczMC1lY2FhLTExZTYtOGY4OC0zNDM2M2JjN2M0YzAiOnsiY3JlYXRlIjoxODAwMDAwMDAwMDAwLCJkZWxldGUiOjM2MDAwMDAwMDAwMDAsInJlYWQiOjMwMDAwMDAwMDAwMCwidXBkYXRlIjoxODAwMDAwMDAwMDAwfX0=",
          "dependencies": [
            "azurerm_resource_group.rg",
            "module.database.azurerm_redis_cache.www_redis",
            "module.database.random_string.redis_suffix",
            "module.network_central.azurerm_subnet.subnets",
            "module.network_central.azurerm_virtual_network.vnet",
            "module.security.azurerm_log_analytics_workspace.law",
            "module.storage.azurerm_storage_account.www_sa",
            "module.storage.random_string.sa_suffix"
          ]
        }
      ]
    },
    {
      "module": "module.database",
      "mode": "managed",
      "type": "azurerm_mysql_flexible_database",
      "name": "www_db",
      "provider": "provider[\"registry.terraform.io/hashicorp/azurerm\"]",
      "instances": [
        {
          "schema_version": 0,
          "attributes": {
            "charset": "utf8mb4",
            "collation": "utf8mb4_unicode_ci",
            "id": "/subscriptions/99b79efe-ebd6-468c-b39f-5669acb259e1/resourceGroups/04-t1-www/providers/Microsoft.DBforMySQL/flexibleServers/www-mysql-server-32j2/databases/www_sql",
            "name": "www_sql",
            "resource_group_name": "04-t1-www",
            "server_name": "www-mysql-server-32j2",
            "timeouts": null
          },
          "sensitive_attributes": [],
          "identity_schema_version": 0,
          "private": "eyJlMmJmYjczMC1lY2FhLTExZTYtOGY4OC0zNDM2M2JjN2M0YzAiOnsiY3JlYXRlIjozNjAwMDAwMDAwMDAwLCJkZWxldGUiOjM2MDAwMDAwMDAwMDAsInJlYWQiOjMwMDAwMDAwMDAwMH19",
          "dependencies": [
            "azurerm_resource_group.rg",
            "module.database.azurerm_mysql_flexible_server.www_mysql",
            "module.database.random_string.mysql_suffix"
          ]
        }
      ]
    },
    {
      "module": "module.database",
      "mode": "managed",
      "type": "azurerm_mysql_flexible_server",
      "name": "www_mysql",
      "provider": "provider[\"registry.terraform.io/hashicorp/azurerm\"]",
      "instances": [
        {
          "schema_version": 0,
          "attributes": {
            "administrator_login": "www",
            "administrator_password": "It12345!",
            "administrator_password_wo": null,
            "administrator_password_wo_version": 0,
            "backup_retention_days": 35,
            "create_mode": null,
            "customer_managed_key": [],
            "delegated_subnet_id": "",
            "fqdn": "www-mysql-server-32j2.mysql.database.azure.com",
            "geo_redundant_backup_enabled": false,
            "high_availability": [
              {
                "mode": "ZoneRedundant",
                "standby_availability_zone": "2"
              }
            ],
            "id": "/subscriptions/99b79efe-ebd6-468c-b39f-5669acb259e1/resourceGroups/04-t1-www/providers/Microsoft.DBforMySQL/flexibleServers/www-mysql-server-32j2",
            "identity": [],
            "location": "koreacentral",
            "maintenance_window": [
              {
                "day_of_week": 0,
                "start_hour": 3,
                "start_minute": 0
              }
            ],
            "name": "www-mysql-server-32j2",
            "point_in_time_restore_time_in_utc": null,
            "private_dns_zone_id": "",
            "public_network_access": "Enabled",
            "public_network_access_enabled": true,
            "replica_capacity": 10,
            "replication_role": "Source",
            "resource_group_name": "04-t1-www",
            "sku_name": "GP_Standard_D4ds_v4",
            "source_server_id": "",
            "storage": [
              {
                "auto_grow_enabled": true,
                "io_scaling_enabled": false,
                "iops": 600,
                "log_on_disk_enabled": false,
                "size_gb": 64
              }
            ],
            "tags": {
              "Environment": "Production",
              "ManagedBy": "Terraform",
              "Purpose": "Database-Server"
            },
            "timeouts": null,
            "version": "8.0.21",
            "zone": "1"
          },
          "sensitive_attributes": [
            [
              {
                "type": "get_attr",
                "value": "administrator_password"
              }
            ]
          ],
          "identity_schema_version": 0,
          "private": "eyJlMmJmYjczMC1lY2FhLTExZTYtOGY4OC0zNDM2M2JjN2M0YzAiOnsiY3JlYXRlIjo3MjAwMDAwMDAwMDAwLCJkZWxldGUiOjM2MDAwMDAwMDAwMDAsInJlYWQiOjMwMDAwMDAwMDAwMCwidXBkYXRlIjo3MjAwMDAwMDAwMDAwfX0=",
          "dependencies": [
            "azurerm_resource_group.rg",
            "module.database.random_string.mysql_suffix"
          ]
        }
      ]
    },
    {
      "module": "module.database",
      "mode": "managed",
      "type": "azurerm_mysql_flexible_server",
      "name": "www_replica",
      "provider": "provider[\"registry.terraform.io/hashicorp/azurerm\"]",
      "instances": [
        {
          "schema_version": 0,
          "attributes": {
            "administrator_login": "www",
            "administrator_password": "It12345!",
            "administrator_password_wo": null,
            "administrator_password_wo_version": 0,
            "backup_retention_days": 7,
            "create_mode": "Replica",
            "customer_managed_key": [],
            "delegated_subnet_id": "",
            "fqdn": "www-mysql-replica-1-qs.mysql.database.azure.com",
            "geo_redundant_backup_enabled": false,
            "high_availability": [],
            "id": "/subscriptions/99b79efe-ebd6-468c-b39f-5669acb259e1/resourceGroups/04-t1-www/providers/Microsoft.DBforMySQL/flexibleServers/www-mysql-replica-1-qs",
            "identity": [],
            "location": "koreacentral",
            "maintenance_window": [],
            "name": "www-mysql-replica-1-qs",
            "point_in_time_restore_time_in_utc": null,
            "private_dns_zone_id": "",
            "public_network_access": "Enabled",
            "public_network_access_enabled": true,
            "replica_capacity": 0,
            "replication_role": "Replica",
            "resource_group_name": "04-t1-www",
            "sku_name": "GP_Standard_D2ds_v4",
            "source_server_id": "/subscriptions/99b79efe-ebd6-468c-b39f-5669acb259e1/resourceGroups/04-t1-www/providers/Microsoft.DBforMySQL/flexibleServers/www-mysql-server-32j2",
            "storage": [
              {
                "auto_grow_enabled": true,
                "io_scaling_enabled": false,
                "iops": 600,
                "log_on_disk_enabled": false,
                "size_gb": 64
              }
            ],
            "tags": {
              "Environment": "Production",
              "ManagedBy": "Terraform",
              "Purpose": "Database-Replica"
            },
            "timeouts": null,
            "version": "8.0.21",
            "zone": "2"
          },
          "sensitive_attributes": [
            [
              {
                "type": "get_attr",
                "value": "administrator_password"
              }
            ]
          ],
          "identity_schema_version": 0,
          "private": "eyJlMmJmYjczMC1lY2FhLTExZTYtOGY4OC0zNDM2M2JjN2M0YzAiOnsiY3JlYXRlIjo3MjAwMDAwMDAwMDAwLCJkZWxldGUiOjM2MDAwMDAwMDAwMDAsInJlYWQiOjMwMDAwMDAwMDAwMCwidXBkYXRlIjo3MjAwMDAwMDAwMDAwfX0=",
          "dependencies": [
            "azurerm_resource_group.rg",
            "module.database.azurerm_mysql_flexible_server.www_mysql",
            "module.database.random_string.mysql_suffix",
            "module.database.random_string.replica_suffix",
            "module.database.time_sleep.wait_for_primary"
          ]
        }
      ]
    },
    {
      "module": "module.database",
      "mode": "managed",
      "type": "azurerm_mysql_flexible_server",
      "name": "www_replica_2",
      "provider": "provider[\"registry.terraform.io/hashicorp/azurerm\"]",
      "instances": [
        {
          "schema_version": 0,
          "attributes": {
            "administrator_login": "www",
            "administrator_password": "It12345!",
            "administrator_password_wo": null,
            "administrator_password_wo_version": 0,
            "backup_retention_days": 7,
            "create_mode": "Replica",
            "customer_managed_key": [],
            "delegated_subnet_id": "",
            "fqdn": "www-mysql-replica-2-qs.mysql.database.azure.com",
            "geo_redundant_backup_enabled": false,
            "high_availability": [],
            "id": "/subscriptions/99b79efe-ebd6-468c-b39f-5669acb259e1/resourceGroups/04-t1-www/providers/Microsoft.DBforMySQL/flexibleServers/www-mysql-replica-2-qs",
            "identity": [],
            "location": "koreacentral",
            "maintenance_window": [],
            "name": "www-mysql-replica-2-qs",
            "point_in_time_restore_time_in_utc": null,
            "private_dns_zone_id": "",
            "public_network_access": "Enabled",
            "public_network_access_enabled": true,
            "replica_capacity": 0,
            "replication_role": "Replica",
            "resource_group_name": "04-t1-www",
            "sku_name": "GP_Standard_D2ds_v4",
            "source_server_id": "/subscriptions/99b79efe-ebd6-468c-b39f-5669acb259e1/resourceGroups/04-t1-www/providers/Microsoft.DBforMySQL/flexibleServers/www-mysql-server-32j2",
            "storage": [
              {
                "auto_grow_enabled": true,
                "io_scaling_enabled": false,
                "iops": 600,
                "log_on_disk_enabled": false,
                "size_gb": 64
              }
            ],
            "tags": {},
            "timeouts": null,
            "version": "8.0.21",
            "zone": "1"
          },
          "sensitive_attributes": [
            [
              {
                "type": "get_attr",
                "value": "administrator_password"
              }
            ]
          ],
          "identity_schema_version": 0,
          "private": "eyJlMmJmYjczMC1lY2FhLTExZTYtOGY4OC0zNDM2M2JjN2M0YzAiOnsiY3JlYXRlIjo3MjAwMDAwMDAwMDAwLCJkZWxldGUiOjM2MDAwMDAwMDAwMDAsInJlYWQiOjMwMDAwMDAwMDAwMCwidXBkYXRlIjo3MjAwMDAwMDAwMDAwfX0=",
          "dependencies": [
            "azurerm_resource_group.rg",
            "module.database.azurerm_mysql_flexible_server.www_mysql",
            "module.database.azurerm_mysql_flexible_server.www_replica",
            "module.database.random_string.mysql_suffix",
            "module.database.random_string.replica_suffix",
            "module.database.time_sleep.wait_for_primary"
          ]
        }
      ]
    },
    {
      "module": "module.database",
      "mode": "managed",
      "type": "azurerm_mysql_flexible_server_configuration",
      "name": "innodb_buffer_pool_size",
      "provider": "provider[\"registry.terraform.io/hashicorp/azurerm\"]",
      "instances": [
        {
          "schema_version": 0,
          "attributes": {
            "id": "/subscriptions/99b79efe-ebd6-468c-b39f-5669acb259e1/resourceGroups/04-t1-www/providers/Microsoft.DBforMySQL/flexibleServers/www-mysql-server-32j2/configurations/innodb_buffer_pool_size",
            "name": "innodb_buffer_pool_size",
            "resource_group_name": "04-t1-www",
            "server_name": "www-mysql-server-32j2",
            "timeouts": null,
            "value": "4294967296"
          },
          "sensitive_attributes": [],
          "identity_schema_version": 0,
          "private": "eyJlMmJmYjczMC1lY2FhLTExZTYtOGY4OC0zNDM2M2JjN2M0YzAiOnsiY3JlYXRlIjoxODAwMDAwMDAwMDAwLCJkZWxldGUiOjE4MDAwMDAwMDAwMDAsInJlYWQiOjMwMDAwMDAwMDAwMCwidXBkYXRlIjoxODAwMDAwMDAwMDAwfX0=",
          "dependencies": [
            "azurerm_resource_group.rg",
            "module.database.azurerm_mysql_flexible_server.www_mysql",
            "module.database.random_string.mysql_suffix"
          ]
        }
      ]
    },
    {
      "module": "module.database",
      "mode": "managed",
      "type": "azurerm_mysql_flexible_server_configuration",
      "name": "long_query_time",
      "provider": "provider[\"registry.terraform.io/hashicorp/azurerm\"]",
      "instances": [
        {
          "schema_version": 0,
          "attributes": {
            "id": "/subscriptions/99b79efe-ebd6-468c-b39f-5669acb259e1/resourceGroups/04-t1-www/providers/Microsoft.DBforMySQL/flexibleServers/www-mysql-server-32j2/configurations/long_query_time",
            "name": "long_query_time",
            "resource_group_name": "04-t1-www",
            "server_name": "www-mysql-server-32j2",
            "timeouts": null,
            "value": "2"
          },
          "sensitive_attributes": [],
          "identity_schema_version": 0,
          "private": "eyJlMmJmYjczMC1lY2FhLTExZTYtOGY4OC0zNDM2M2JjN2M0YzAiOnsiY3JlYXRlIjoxODAwMDAwMDAwMDAwLCJkZWxldGUiOjE4MDAwMDAwMDAwMDAsInJlYWQiOjMwMDAwMDAwMDAwMCwidXBkYXRlIjoxODAwMDAwMDAwMDAwfX0=",
          "dependencies": [
            "azurerm_resource_group.rg",
            "module.database.azurerm_mysql_flexible_server.www_mysql",
            "module.database.random_string.mysql_suffix"
          ]
        }
      ]
    },
    {
      "module": "module.database",
      "mode": "managed",
      "type": "azurerm_mysql_flexible_server_configuration",
      "name": "max_connections",
      "provider": "provider[\"registry.terraform.io/hashicorp/azurerm\"]",
      "instances": [
        {
          "schema_version": 0,
          "attributes": {
            "id": "/subscriptions/99b79efe-ebd6-468c-b39f-5669acb259e1/resourceGroups/04-t1-www/providers/Microsoft.DBforMySQL/flexibleServers/www-mysql-server-32j2/configurations/max_connections",
            "name": "max_connections",
            "resource_group_name": "04-t1-www",
            "server_name": "www-mysql-server-32j2",
            "timeouts": null,
            "value": "500"
          },
          "sensitive_attributes": [],
          "identity_schema_version": 0,
          "private": "eyJlMmJmYjczMC1lY2FhLTExZTYtOGY4OC0zNDM2M2JjN2M0YzAiOnsiY3JlYXRlIjoxODAwMDAwMDAwMDAwLCJkZWxldGUiOjE4MDAwMDAwMDAwMDAsInJlYWQiOjMwMDAwMDAwMDAwMCwidXBkYXRlIjoxODAwMDAwMDAwMDAwfX0=",
          "dependencies": [
            "azurerm_resource_group.rg",
            "module.database.azurerm_mysql_flexible_server.www_mysql",
            "module.database.random_string.mysql_suffix"
          ]
        }
      ]
    },
    {
      "module": "module.database",
      "mode": "managed",
      "type": "azurerm_mysql_flexible_server_configuration",
      "name": "require_ssl",
      "provider": "provider[\"registry.terraform.io/hashicorp/azurerm\"]",
      "instances": [
        {
          "schema_version": 0,
          "attributes": {
            "id": "/subscriptions/99b79efe-ebd6-468c-b39f-5669acb259e1/resourceGroups/04-t1-www/providers/Microsoft.DBforMySQL/flexibleServers/www-mysql-server-32j2/configurations/require_secure_transport",
            "name": "require_secure_transport",
            "resource_group_name": "04-t1-www",
            "server_name": "www-mysql-server-32j2",
            "timeouts": null,
            "value": "ON"
          },
          "sensitive_attributes": [],
          "identity_schema_version": 0,
          "private": "eyJlMmJmYjczMC1lY2FhLTExZTYtOGY4OC0zNDM2M2JjN2M0YzAiOnsiY3JlYXRlIjoxODAwMDAwMDAwMDAwLCJkZWxldGUiOjE4MDAwMDAwMDAwMDAsInJlYWQiOjMwMDAwMDAwMDAwMCwidXBkYXRlIjoxODAwMDAwMDAwMDAwfX0=",
          "dependencies": [
            "azurerm_resource_group.rg",
            "module.database.azurerm_mysql_flexible_server.www_mysql",
            "module.database.random_string.mysql_suffix"
          ]
        }
      ]
    },
    {
      "module": "module.database",
      "mode": "managed",
      "type": "azurerm_mysql_flexible_server_configuration",
      "name": "slow_query_log",
      "provider": "provider[\"registry.terraform.io/hashicorp/azurerm\"]",
      "instances": [
        {
          "schema_version": 0,
          "attributes": {
            "id": "/subscriptions/99b79efe-ebd6-468c-b39f-5669acb259e1/resourceGroups/04-t1-www/providers/Microsoft.DBforMySQL/flexibleServers/www-mysql-server-32j2/configurations/slow_query_log",
            "name": "slow_query_log",
            "resource_group_name": "04-t1-www",
            "server_name": "www-mysql-server-32j2",
            "timeouts": null,
            "value": "ON"
          },
          "sensitive_attributes": [],
          "identity_schema_version": 0,
          "private": "eyJlMmJmYjczMC1lY2FhLTExZTYtOGY4OC0zNDM2M2JjN2M0YzAiOnsiY3JlYXRlIjoxODAwMDAwMDAwMDAwLCJkZWxldGUiOjE4MDAwMDAwMDAwMDAsInJlYWQiOjMwMDAwMDAwMDAwMCwidXBkYXRlIjoxODAwMDAwMDAwMDAwfX0=",
          "dependencies": [
            "azurerm_resource_group.rg",
            "module.database.azurerm_mysql_flexible_server.www_mysql",
            "module.database.random_string.mysql_suffix"
          ]
        }
      ]
    },
    {
      "module": "module.database",
      "mode": "managed",
      "type": "azurerm_mysql_flexible_server_configuration",
      "name": "www_audit",
      "provider": "provider[\"registry.terraform.io/hashicorp/azurerm\"]",
      "instances": [
        {
          "schema_version": 0,
          "attributes": {
            "id": "/subscriptions/99b79efe-ebd6-468c-b39f-5669acb259e1/resourceGroups/04-t1-www/providers/Microsoft.DBforMySQL/flexibleServers/www-mysql-server-32j2/configurations/audit_log_enabled",
            "name": "audit_log_enabled",
            "resource_group_name": "04-t1-www",
            "server_name": "www-mysql-server-32j2",
            "timeouts": null,
            "value": "ON"
          },
          "sensitive_attributes": [],
          "identity_schema_version": 0,
          "private": "eyJlMmJmYjczMC1lY2FhLTExZTYtOGY4OC0zNDM2M2JjN2M0YzAiOnsiY3JlYXRlIjoxODAwMDAwMDAwMDAwLCJkZWxldGUiOjE4MDAwMDAwMDAwMDAsInJlYWQiOjMwMDAwMDAwMDAwMCwidXBkYXRlIjoxODAwMDAwMDAwMDAwfX0=",
          "dependencies": [
            "azurerm_resource_group.rg",
            "module.database.azurerm_mysql_flexible_server.www_mysql",
            "module.database.random_string.mysql_suffix"
          ]
        }
      ]
    },
    {
      "module": "module.database",
      "mode": "managed",
      "type": "azurerm_mysql_flexible_server_configuration",
      "name": "www_audit_events",
      "provider": "provider[\"registry.terraform.io/hashicorp/azurerm\"]",
      "instances": [
        {
          "schema_version": 0,
          "attributes": {
            "id": "/subscriptions/99b79efe-ebd6-468c-b39f-5669acb259e1/resourceGroups/04-t1-www/providers/Microsoft.DBforMySQL/flexibleServers/www-mysql-server-32j2/configurations/audit_log_events",
            "name": "audit_log_events",
            "resource_group_name": "04-t1-www",
            "server_name": "www-mysql-server-32j2",
            "timeouts": null,
            "value": "CONNECTION,DDL,DML_SELECT,DML_NONSELECT"
          },
          "sensitive_attributes": [],
          "identity_schema_version": 0,
          "private": "eyJlMmJmYjczMC1lY2FhLTExZTYtOGY4OC0zNDM2M2JjN2M0YzAiOnsiY3JlYXRlIjoxODAwMDAwMDAwMDAwLCJkZWxldGUiOjE4MDAwMDAwMDAwMDAsInJlYWQiOjMwMDAwMDAwMDAwMCwidXBkYXRlIjoxODAwMDAwMDAwMDAwfX0=",
          "dependencies": [
            "azurerm_resource_group.rg",
            "module.database.azurerm_mysql_flexible_server.www_mysql",
            "module.database.random_string.mysql_suffix"
          ]
        }
      ]
    },
    {
      "module": "module.database",
      "mode": "managed",
      "type": "azurerm_mysql_flexible_server_firewall_rule",
      "name": "allow_azure_services",
      "provider": "provider[\"registry.terraform.io/hashicorp/azurerm\"]",
      "instances": [
        {
          "schema_version": 0,
          "attributes": {
            "end_ip_address": "0.0.0.0",
            "id": "/subscriptions/99b79efe-ebd6-468c-b39f-5669acb259e1/resourceGroups/04-t1-www/providers/Microsoft.DBforMySQL/flexibleServers/www-mysql-server-32j2/firewallRules/allow-azure-services",
            "name": "allow-azure-services",
            "resource_group_name": "04-t1-www",
            "server_name": "www-mysql-server-32j2",
            "start_ip_address": "0.0.0.0",
            "timeouts": null
          },
          "sensitive_attributes": [],
          "identity_schema_version": 0,
          "private": "eyJlMmJmYjczMC1lY2FhLTExZTYtOGY4OC0zNDM2M2JjN2M0YzAiOnsiY3JlYXRlIjoxODAwMDAwMDAwMDAwLCJkZWxldGUiOjE4MDAwMDAwMDAwMDAsInJlYWQiOjMwMDAwMDAwMDAwMCwidXBkYXRlIjoxODAwMDAwMDAwMDAwfX0=",
          "dependencies": [
            "azurerm_resource_group.rg",
            "module.database.azurerm_mysql_flexible_server.www_mysql",
            "module.database.random_string.mysql_suffix"
          ]
        }
      ]
    },
    {
      "module": "module.database",
      "mode": "managed",
      "type": "azurerm_mysql_flexible_server_firewall_rule",
      "name": "allow_ssh_ips",
      "provider": "provider[\"registry.terraform.io/hashicorp/azurerm\"]",
      "instances": [
        {
          "index_key": "211.227.107.208",
          "schema_version": 0,
          "attributes": {
            "end_ip_address": "211.227.107.208",
            "id": "/subscriptions/99b79efe-ebd6-468c-b39f-5669acb259e1/resourceGroups/04-t1-www/providers/Microsoft.DBforMySQL/flexibleServers/www-mysql-server-32j2/firewallRules/allow-ssh-ip-211-227-107-208",
            "name": "allow-ssh-ip-211-227-107-208",
            "resource_group_name": "04-t1-www",
            "server_name": "www-mysql-server-32j2",
            "start_ip_address": "211.227.107.208",
            "timeouts": null
          },
          "sensitive_attributes": [],
          "identity_schema_version": 0,
          "private": "eyJlMmJmYjczMC1lY2FhLTExZTYtOGY4OC0zNDM2M2JjN2M0YzAiOnsiY3JlYXRlIjoxODAwMDAwMDAwMDAwLCJkZWxldGUiOjE4MDAwMDAwMDAwMDAsInJlYWQiOjMwMDAwMDAwMDAwMCwidXBkYXRlIjoxODAwMDAwMDAwMDAwfX0=",
          "dependencies": [
            "azurerm_resource_group.rg",
            "module.database.azurerm_mysql_flexible_server.www_mysql",
            "module.database.random_string.mysql_suffix"
          ]
        },
        {
          "index_key": "211.252.127.132",
          "schema_version": 0,
          "attributes": {
            "end_ip_address": "211.252.127.132",
            "id": "/subscriptions/99b79efe-ebd6-468c-b39f-5669acb259e1/resourceGroups/04-t1-www/providers/Microsoft.DBforMySQL/flexibleServers/www-mysql-server-32j2/firewallRules/allow-ssh-ip-211-252-127-132",
            "name": "allow-ssh-ip-211-252-127-132",
            "resource_group_name": "04-t1-www",
            "server_name": "www-mysql-server-32j2",
            "start_ip_address": "211.252.127.132",
            "timeouts": null
          },
          "sensitive_attributes": [],
          "identity_schema_version": 0,
          "private": "eyJlMmJmYjczMC1lY2FhLTExZTYtOGY4OC0zNDM2M2JjN2M0YzAiOnsiY3JlYXRlIjoxODAwMDAwMDAwMDAwLCJkZWxldGUiOjE4MDAwMDAwMDAwMDAsInJlYWQiOjMwMDAwMDAwMDAwMCwidXBkYXRlIjoxODAwMDAwMDAwMDAwfX0=",
          "dependencies": [
            "azurerm_resource_group.rg",
            "module.database.azurerm_mysql_flexible_server.www_mysql",
            "module.database.random_string.mysql_suffix"
          ]
        },
        {
          "index_key": "61.108.60.26",
          "schema_version": 0,
          "attributes": {
            "end_ip_address": "61.108.60.26",
            "id": "/subscriptions/99b79efe-ebd6-468c-b39f-5669acb259e1/resourceGroups/04-t1-www/providers/Microsoft.DBforMySQL/flexibleServers/www-mysql-server-32j2/firewallRules/allow-ssh-ip-61-108-60-26",
            "name": "allow-ssh-ip-61-108-60-26",
            "resource_group_name": "04-t1-www",
            "server_name": "www-mysql-server-32j2",
            "start_ip_address": "61.108.60.26",
            "timeouts": null
          },
          "sensitive_attributes": [],
          "identity_schema_version": 0,
          "private": "eyJlMmJmYjczMC1lY2FhLTExZTYtOGY4OC0zNDM2M2JjN2M0YzAiOnsiY3JlYXRlIjoxODAwMDAwMDAwMDAwLCJkZWxldGUiOjE4MDAwMDAwMDAwMDAsInJlYWQiOjMwMDAwMDAwMDAwMCwidXBkYXRlIjoxODAwMDAwMDAwMDAwfX0=",
          "dependencies": [
            "azurerm_resource_group.rg",
            "module.database.azurerm_mysql_flexible_server.www_mysql",
            "module.database.random_string.mysql_suffix"
          ]
        }
      ]
    },
    {
      "module": "module.database",
      "mode": "managed",
      "type": "azurerm_private_dns_zone",
      "name": "mysql_dns_zone",
      "provider": "provider[\"registry.terraform.io/hashicorp/azurerm\"]",
      "instances": [
        {
          "schema_version": 0,
          "attributes": {
            "id": "/subscriptions/99b79efe-ebd6-468c-b39f-5669acb259e1/resourceGroups/04-t1-www/providers/Microsoft.Network/privateDnsZones/privatelink.mysql.database.azure.com",
            "max_number_of_record_sets": 25000,
            "max_number_of_virtual_network_links": 1000,
            "max_number_of_virtual_network_links_with_registration": 100,
            "name": "privatelink.mysql.database.azure.com",
            "number_of_record_sets": 2,
            "resource_group_name": "04-t1-www",
            "soa_record": [
              {
                "email": "azureprivatedns-host.microsoft.com",
                "expire_time": 2419200,
                "fqdn": "privatelink.mysql.database.azure.com.",
                "host_name": "azureprivatedns.net",
                "minimum_ttl": 10,
                "refresh_time": 3600,
                "retry_time": 300,
                "serial_number": 1,
                "tags": {},
                "ttl": 3600
              }
            ],
            "tags": {},
            "timeouts": null
          },
          "sensitive_attributes": [],
          "identity_schema_version": 0,
          "identity": {
            "name": "privatelink.mysql.database.azure.com",
            "resource_group_name": "04-t1-www",
            "subscription_id": "99b79efe-ebd6-468c-b39f-5669acb259e1"
          },
          "private": "eyJlMmJmYjczMC1lY2FhLTExZTYtOGY4OC0zNDM2M2JjN2M0YzAiOnsiY3JlYXRlIjoxODAwMDAwMDAwMDAwLCJkZWxldGUiOjE4MDAwMDAwMDAwMDAsInJlYWQiOjMwMDAwMDAwMDAwMCwidXBkYXRlIjoxODAwMDAwMDAwMDAwfX0=",
          "dependencies": [
            "azurerm_resource_group.rg"
          ]
        }
      ]
    },
    {
      "module": "module.database",
      "mode": "managed",
      "type": "azurerm_private_dns_zone",
      "name": "redis_dns_zone",
      "provider": "provider[\"registry.terraform.io/hashicorp/azurerm\"]",
      "instances": [
        {
          "schema_version": 0,
          "attributes": {
            "id": "/subscriptions/99b79efe-ebd6-468c-b39f-5669acb259e1/resourceGroups/04-t1-www/providers/Microsoft.Network/privateDnsZones/privatelink.redis.cache.windows.net",
            "max_number_of_record_sets": 25000,
            "max_number_of_virtual_network_links": 1000,
            "max_number_of_virtual_network_links_with_registration": 100,
            "name": "privatelink.redis.cache.windows.net",
            "number_of_record_sets": 2,
            "resource_group_name": "04-t1-www",
            "soa_record": [
              {
                "email": "azureprivatedns-host.microsoft.com",
                "expire_time": 2419200,
                "fqdn": "privatelink.redis.cache.windows.net.",
                "host_name": "azureprivatedns.net",
                "minimum_ttl": 10,
                "refresh_time": 3600,
                "retry_time": 300,
                "serial_number": 1,
                "tags": {},
                "ttl": 3600
              }
            ],
            "tags": {},
            "timeouts": null
          },
          "sensitive_attributes": [],
          "identity_schema_version": 0,
          "identity": {
            "name": "privatelink.redis.cache.windows.net",
            "resource_group_name": "04-t1-www",
            "subscription_id": "99b79efe-ebd6-468c-b39f-5669acb259e1"
          },
          "private": "eyJlMmJmYjczMC1lY2FhLTExZTYtOGY4OC0zNDM2M2JjN2M0YzAiOnsiY3JlYXRlIjoxODAwMDAwMDAwMDAwLCJkZWxldGUiOjE4MDAwMDAwMDAwMDAsInJlYWQiOjMwMDAwMDAwMDAwMCwidXBkYXRlIjoxODAwMDAwMDAwMDAwfX0=",
          "dependencies": [
            "azurerm_resource_group.rg"
          ]
        }
      ]
    },
    {
      "module": "module.database",
      "mode": "managed",
      "type": "azurerm_private_dns_zone_virtual_network_link",
      "name": "mysql_dns_link",
      "provider": "provider[\"registry.terraform.io/hashicorp/azurerm\"]",
      "instances": [
        {
          "schema_version": 0,
          "attributes": {
            "id": "/subscriptions/99b79efe-ebd6-468c-b39f-5669acb259e1/resourceGroups/04-t1-www/providers/Microsoft.Network/privateDnsZones/privatelink.mysql.database.azure.com/virtualNetworkLinks/www-mysql-dns-link",
            "name": "www-mysql-dns-link",
            "private_dns_zone_name": "privatelink.mysql.database.azure.com",
            "registration_enabled": false,
            "resolution_policy": "Default",
            "resource_group_name": "04-t1-www",
            "tags": {
              "Environment": "Production"
            },
            "timeouts": null,
            "virtual_network_id": "/subscriptions/99b79efe-ebd6-468c-b39f-5669acb259e1/resourceGroups/04-t1-www/providers/Microsoft.Network/virtualNetworks/vnet0"
          },
          "sensitive_attributes": [],
          "identity_schema_version": 0,
          "identity": {
            "name": "www-mysql-dns-link",
            "private_dns_zone_name": "privatelink.mysql.database.azure.com",
            "resource_group_name": "04-t1-www",
            "subscription_id": "99b79efe-ebd6-468c-b39f-5669acb259e1"
          },
          "private": "eyJlMmJmYjczMC1lY2FhLTExZTYtOGY4OC0zNDM2M2JjN2M0YzAiOnsiY3JlYXRlIjoxODAwMDAwMDAwMDAwLCJkZWxldGUiOjE4MDAwMDAwMDAwMDAsInJlYWQiOjMwMDAwMDAwMDAwMCwidXBkYXRlIjoxODAwMDAwMDAwMDAwfX0=",
          "dependencies": [
            "azurerm_resource_group.rg",
            "module.database.azurerm_private_dns_zone.mysql_dns_zone",
            "module.network_central.azurerm_virtual_network.vnet"
          ]
        }
      ]
    },
    {
      "module": "module.database",
      "mode": "managed",
      "type": "azurerm_private_dns_zone_virtual_network_link",
      "name": "redis_dns_link",
      "provider": "provider[\"registry.terraform.io/hashicorp/azurerm\"]",
      "instances": [
        {
          "schema_version": 0,
          "attributes": {
            "id": "/subscriptions/99b79efe-ebd6-468c-b39f-5669acb259e1/resourceGroups/04-t1-www/providers/Microsoft.Network/privateDnsZones/privatelink.redis.cache.windows.net/virtualNetworkLinks/www-redis-dns-link",
            "name": "www-redis-dns-link",
            "private_dns_zone_name": "privatelink.redis.cache.windows.net",
            "registration_enabled": false,
            "resolution_policy": "Default",
            "resource_group_name": "04-t1-www",
            "tags": {},
            "timeouts": null,
            "virtual_network_id": "/subscriptions/99b79efe-ebd6-468c-b39f-5669acb259e1/resourceGroups/04-t1-www/providers/Microsoft.Network/virtualNetworks/vnet0"
          },
          "sensitive_attributes": [],
          "identity_schema_version": 0,
          "identity": {
            "name": "www-redis-dns-link",
            "private_dns_zone_name": "privatelink.redis.cache.windows.net",
            "resource_group_name": "04-t1-www",
            "subscription_id": "99b79efe-ebd6-468c-b39f-5669acb259e1"
          },
          "private": "eyJlMmJmYjczMC1lY2FhLTExZTYtOGY4OC0zNDM2M2JjN2M0YzAiOnsiY3JlYXRlIjoxODAwMDAwMDAwMDAwLCJkZWxldGUiOjE4MDAwMDAwMDAwMDAsInJlYWQiOjMwMDAwMDAwMDAwMCwidXBkYXRlIjoxODAwMDAwMDAwMDAwfX0=",
          "dependencies": [
            "azurerm_resource_group.rg",
            "module.database.azurerm_private_dns_zone.redis_dns_zone",
            "module.network_central.azurerm_virtual_network.vnet"
          ]
        }
      ]
    },
    {
      "module": "module.database",
      "mode": "managed",
      "type": "azurerm_private_endpoint",
      "name": "mysql_pe",
      "provider": "provider[\"registry.terraform.io/hashicorp/azurerm\"]",
      "instances": [
        {
          "schema_version": 0,
          "attributes": {
            "custom_dns_configs": [],
            "custom_network_interface_name": "www-mysql-pe-nic",
            "id": "/subscriptions/99b79efe-ebd6-468c-b39f-5669acb259e1/resourceGroups/04-t1-www/providers/Microsoft.Network/privateEndpoints/www-mysql-endpoint",
            "ip_configuration": [],
            "location": "koreacentral",
            "name": "www-mysql-endpoint",
            "network_interface": [
              {
                "id": "/subscriptions/99b79efe-ebd6-468c-b39f-5669acb259e1/resourceGroups/04-t1-www/providers/Microsoft.Network/networkInterfaces/www-mysql-pe-nic",
                "name": "www-mysql-pe-nic"
              }
            ],
            "private_dns_zone_configs": [
              {
                "id": "/subscriptions/99b79efe-ebd6-468c-b39f-5669acb259e1/resourceGroups/04-t1-www/providers/Microsoft.Network/privateEndpoints/www-mysql-endpoint/privateDnsZoneGroups/default/privateDnsZoneConfigs/privatelink.mysql.database.azure.com",
                "name": "privatelink.mysql.database.azure.com",
                "private_dns_zone_id": "/subscriptions/99b79efe-ebd6-468c-b39f-5669acb259e1/resourceGroups/04-t1-www/providers/Microsoft.Network/privateDnsZones/privatelink.mysql.database.azure.com",
                "record_sets": [
                  {
                    "fqdn": "www-mysql-server-32j2.privatelink.mysql.database.azure.com",
                    "ip_addresses": [
                      "172.16.1.4"
                    ],
                    "name": "www-mysql-server-32j2",
                    "ttl": 10,
                    "type": "A"
                  }
                ]
              }
            ],
            "private_dns_zone_group": [
              {
                "id": "/subscriptions/99b79efe-ebd6-468c-b39f-5669acb259e1/resourceGroups/04-t1-www/providers/Microsoft.Network/privateEndpoints/www-mysql-endpoint/privateDnsZoneGroups/default",
                "name": "default",
                "private_dns_zone_ids": [
                  "/subscriptions/99b79efe-ebd6-468c-b39f-5669acb259e1/resourceGroups/04-t1-www/providers/Microsoft.Network/privateDnsZones/privatelink.mysql.database.azure.com"
                ]
              }
            ],
            "private_service_connection": [
              {
                "is_manual_connection": false,
                "name": "www-mysql-privatelink",
                "private_connection_resource_alias": "",
                "private_connection_resource_id": "/subscriptions/99b79efe-ebd6-468c-b39f-5669acb259e1/resourceGroups/04-t1-www/providers/Microsoft.DBforMySQL/flexibleServers/www-mysql-server-32j2",
                "private_ip_address": "172.16.1.4",
                "request_message": "",
                "subresource_names": [
                  "mysqlServer"
                ]
              }
            ],
            "resource_group_name": "04-t1-www",
            "subnet_id": "/subscriptions/99b79efe-ebd6-468c-b39f-5669acb259e1/resourceGroups/04-t1-www/providers/Microsoft.Network/virtualNetworks/vnet0/subnets/www-db",
            "tags": {},
            "timeouts": null
          },
          "sensitive_attributes": [],
          "identity_schema_version": 0,
          "identity": {
            "name": "www-mysql-endpoint",
            "resource_group_name": "04-t1-www",
            "subscription_id": "99b79efe-ebd6-468c-b39f-5669acb259e1"
          },
          "private": "eyJlMmJmYjczMC1lY2FhLTExZTYtOGY4OC0zNDM2M2JjN2M0YzAiOnsiY3JlYXRlIjozNjAwMDAwMDAwMDAwLCJkZWxldGUiOjM2MDAwMDAwMDAwMDAsInJlYWQiOjMwMDAwMDAwMDAwMCwidXBkYXRlIjozNjAwMDAwMDAwMDAwfX0=",
          "dependencies": [
            "azurerm_resource_group.rg",
            "module.database.azurerm_mysql_flexible_server.www_mysql",
            "module.database.azurerm_private_dns_zone.mysql_dns_zone",
            "module.database.random_string.mysql_suffix",
            "module.network_central.azurerm_subnet.subnets",
            "module.network_central.azurerm_virtual_network.vnet"
          ]
        }
      ]
    },
    {
      "module": "module.database",
      "mode": "managed",
      "type": "azurerm_private_endpoint",
      "name": "redis_pe",
      "provider": "provider[\"registry.terraform.io/hashicorp/azurerm\"]",
      "instances": [
        {
          "schema_version": 0,
          "attributes": {
            "custom_dns_configs": [],
            "custom_network_interface_name": "www-redis-pe-nic",
            "id": "/subscriptions/99b79efe-ebd6-468c-b39f-5669acb259e1/resourceGroups/04-t1-www/providers/Microsoft.Network/privateEndpoints/www-redis-endpoint",
            "ip_configuration": [],
            "location": "koreacentral",
            "name": "www-redis-endpoint",
            "network_interface": [
              {
                "id": "/subscriptions/99b79efe-ebd6-468c-b39f-5669acb259e1/resourceGroups/04-t1-www/providers/Microsoft.Network/networkInterfaces/www-redis-pe-nic",
                "name": "www-redis-pe-nic"
              }
            ],
            "private_dns_zone_configs": [
              {
                "id": "/subscriptions/99b79efe-ebd6-468c-b39f-5669acb259e1/resourceGroups/04-t1-www/providers/Microsoft.Network/privateEndpoints/www-redis-endpoint/privateDnsZoneGroups/default/privateDnsZoneConfigs/privatelink.redis.cache.windows.net",
                "name": "privatelink.redis.cache.windows.net",
                "private_dns_zone_id": "/subscriptions/99b79efe-ebd6-468c-b39f-5669acb259e1/resourceGroups/04-t1-www/providers/Microsoft.Network/privateDnsZones/privatelink.redis.cache.windows.net",
                "record_sets": [
                  {
                    "fqdn": "www-redis-cache-pi4r.privatelink.redis.cache.windows.net",
                    "ip_addresses": [
                      "172.16.1.5"
                    ],
                    "name": "www-redis-cache-pi4r",
                    "ttl": 10,
                    "type": "A"
                  }
                ]
              }
            ],
            "private_dns_zone_group": [
              {
                "id": "/subscriptions/99b79efe-ebd6-468c-b39f-5669acb259e1/resourceGroups/04-t1-www/providers/Microsoft.Network/privateEndpoints/www-redis-endpoint/privateDnsZoneGroups/default",
                "name": "default",
                "private_dns_zone_ids": [
                  "/subscriptions/99b79efe-ebd6-468c-b39f-5669acb259e1/resourceGroups/04-t1-www/providers/Microsoft.Network/privateDnsZones/privatelink.redis.cache.windows.net"
                ]
              }
            ],
            "private_service_connection": [
              {
                "is_manual_connection": false,
                "name": "www-redis-privatelink",
                "private_connection_resource_alias": "",
                "private_connection_resource_id": "/subscriptions/99b79efe-ebd6-468c-b39f-5669acb259e1/resourceGroups/04-t1-www/providers/Microsoft.Cache/redis/www-redis-cache-pi4r",
                "private_ip_address": "172.16.1.5",
                "request_message": "",
                "subresource_names": [
                  "redisCache"
                ]
              }
            ],
            "resource_group_name": "04-t1-www",
            "subnet_id": "/subscriptions/99b79efe-ebd6-468c-b39f-5669acb259e1/resourceGroups/04-t1-www/providers/Microsoft.Network/virtualNetworks/vnet0/subnets/www-db",
            "tags": {},
            "timeouts": null
          },
          "sensitive_attributes": [],
          "identity_schema_version": 0,
          "identity": {
            "name": "www-redis-endpoint",
            "resource_group_name": "04-t1-www",
            "subscription_id": "99b79efe-ebd6-468c-b39f-5669acb259e1"
          },
          "private": "eyJlMmJmYjczMC1lY2FhLTExZTYtOGY4OC0zNDM2M2JjN2M0YzAiOnsiY3JlYXRlIjozNjAwMDAwMDAwMDAwLCJkZWxldGUiOjM2MDAwMDAwMDAwMDAsInJlYWQiOjMwMDAwMDAwMDAwMCwidXBkYXRlIjozNjAwMDAwMDAwMDAwfX0=",
          "dependencies": [
            "azurerm_resource_group.rg",
            "module.database.azurerm_private_dns_zone.redis_dns_zone",
            "module.database.azurerm_redis_cache.www_redis",
            "module.database.random_string.redis_suffix",
            "module.network_central.azurerm_subnet.subnets",
            "module.network_central.azurerm_virtual_network.vnet",
            "module.storage.azurerm_storage_account.www_sa",
            "module.storage.random_string.sa_suffix"
          ]
        }
      ]
    },
    {
      "module": "module.database",
      "mode": "managed",
      "type": "azurerm_redis_cache",
      "name": "www_redis",
      "provider": "provider[\"registry.terraform.io/hashicorp/azurerm\"]",
      "instances": [
        {
          "schema_version": 1,
          "attributes": {
            "access_keys_authentication_enabled": true,
            "capacity": 1,
            "family": "P",
            "hostname": "www-redis-cache-pi4r.redis.cache.windows.net",
            "id": "/subscriptions/99b79efe-ebd6-468c-b39f-5669acb259e1/resourceGroups/04-t1-www/providers/Microsoft.Cache/redis/www-redis-cache-pi4r",
            "identity": [],
            "location": "koreacentral",
            "minimum_tls_version": "1.2",
            "name": "www-redis-cache-pi4r",
            "non_ssl_port_enabled": false,
            "patch_schedule": [
              {
                "day_of_week": "Sunday",
                "maintenance_window": "PT5H",
                "start_hour_utc": 3
              }
            ],
            "port": 6379,
            "primary_access_key": "oNQ2m6dBTHQucF3uSH9vmi0DucSgD8oK2AzCaOH6HNA=",
            "primary_connection_string": "www-redis-cache-pi4r.redis.cache.windows.net:6380,password=oNQ2m6dBTHQucF3uSH9vmi0DucSgD8oK2AzCaOH6HNA=,ssl=true,abortConnect=False",
            "private_static_ip_address": "",
            "public_network_access_enabled": true,
            "redis_configuration": [
              {
                "active_directory_authentication_enabled": false,
                "aof_backup_enabled": false,
                "aof_storage_connection_string_0": "",
                "aof_storage_connection_string_1": "",
                "authentication_enabled": true,
                "data_persistence_authentication_method": "",
                "maxclients": 7500,
                "maxfragmentationmemory_reserved": 642,
                "maxmemory_delta": 642,
                "maxmemory_policy": "allkeys-lru",
                "maxmemory_reserved": 642,
                "notify_keyspace_events": "",
                "rdb_backup_enabled": true,
                "rdb_backup_frequency": 60,
                "rdb_backup_max_snapshot_count": 1,
                "rdb_storage_connection_string": "DefaultEndpointsProtocol=https;AccountName=wwwstorages4j7;AccountKey=9x86mBunOEXOJeR708tYp0K7Zmuyrvjs6WUq/bTQ7p/9EIEC4sRfCVA4Z6mVgV+O1/oQ/Lqxn9Fw+AStGks5HQ==;EndpointSuffix=core.windows.net",
                "storage_account_subscription_id": ""
              }
            ],
            "redis_version": "6.0",
            "replicas_per_master": 1,
            "replicas_per_primary": 1,
            "resource_group_name": "04-t1-www",
            "secondary_access_key": "0pPZAo8a1Z7Z3DkZ6jIFp6eWCLc0bQMebAzCaEqWblw=",
            "secondary_connection_string": "www-redis-cache-pi4r.redis.cache.windows.net:6380,password=0pPZAo8a1Z7Z3DkZ6jIFp6eWCLc0bQMebAzCaEqWblw=,ssl=true,abortConnect=False",
            "shard_count": 0,
            "sku_name": "Premium",
            "ssl_port": 6380,
            "subnet_id": "",
            "tags": {
              "Environment": "Production",
              "ManagedBy": "Terraform",
              "Purpose": "Redis-Cache"
            },
            "tenant_settings": {},
            "timeouts": null,
            "zones": []
          },
          "sensitive_attributes": [
            [
              {
                "type": "get_attr",
                "value": "primary_access_key"
              }
            ],
            [
              {
                "type": "get_attr",
                "value": "primary_connection_string"
              }
            ],
            [
              {
                "type": "get_attr",
                "value": "redis_configuration"
              },
              {
                "type": "index",
                "value": {
                  "value": 0,
                  "type": "number"
                }
              },
              {
                "type": "get_attr",
                "value": "aof_storage_connection_string_0"
              }
            ],
            [
              {
                "type": "get_attr",
                "value": "redis_configuration"
              },
              {
                "type": "index",
                "value": {
                  "value": 0,
                  "type": "number"
                }
              },
              {
                "type": "get_attr",
                "value": "aof_storage_connection_string_1"
              }
            ],
            [
              {
                "type": "get_attr",
                "value": "redis_configuration"
              },
              {
                "type": "index",
                "value": {
                  "value": 0,
                  "type": "number"
                }
              },
              {
                "type": "get_attr",
                "value": "rdb_storage_connection_string"
              }
            ],
            [
              {
                "type": "get_attr",
                "value": "secondary_access_key"
              }
            ],
            [
              {
                "type": "get_attr",
                "value": "secondary_connection_string"
              }
            ]
          ],
          "identity_schema_version": 0,
          "private": "eyJlMmJmYjczMC1lY2FhLTExZTYtOGY4OC0zNDM2M2JjN2M0YzAiOnsiY3JlYXRlIjoxMDgwMDAwMDAwMDAwMCwiZGVsZXRlIjoxMDgwMDAwMDAwMDAwMCwicmVhZCI6MzAwMDAwMDAwMDAwLCJ1cGRhdGUiOjEwODAwMDAwMDAwMDAwfSwic2NoZW1hX3ZlcnNpb24iOiIxIn0=",
          "dependencies": [
            "azurerm_resource_group.rg",
            "module.database.random_string.redis_suffix",
            "module.network_central.azurerm_subnet.subnets",
            "module.network_central.azurerm_virtual_network.vnet",
            "module.storage.azurerm_storage_account.www_sa",
            "module.storage.random_string.sa_suffix"
          ]
        }
      ]
    },
    {
      "module": "module.database",
      "mode": "managed",
      "type": "azurerm_role_assignment",
      "name": "adf_blob_contributor",
      "provider": "provider[\"registry.terraform.io/hashicorp/azurerm\"]",
      "instances": [
        {
          "schema_version": 0,
          "attributes": {
            "condition": "",
            "condition_version": "",
            "delegated_managed_identity_resource_id": "",
            "description": "",
            "id": "/subscriptions/99b79efe-ebd6-468c-b39f-5669acb259e1/resourceGroups/04-t1-www/providers/Microsoft.Storage/storageAccounts/wwwstorages4j7/providers/Microsoft.Authorization/roleAssignments/3e9285f4-fa90-451d-acee-63d431cdd1a6",
            "name": "3e9285f4-fa90-451d-acee-63d431cdd1a6",
            "principal_id": "63752dac-bf11-4d0e-9a6f-f3155f560360",
            "principal_type": "ServicePrincipal",
            "role_definition_id": "/subscriptions/99b79efe-ebd6-468c-b39f-5669acb259e1/providers/Microsoft.Authorization/roleDefinitions/ba92f5b4-2d11-453d-a403-e96b0029c9fe",
            "role_definition_name": "Storage Blob Data Contributor",
            "scope": "/subscriptions/99b79efe-ebd6-468c-b39f-5669acb259e1/resourceGroups/04-t1-www/providers/Microsoft.Storage/storageAccounts/wwwstorages4j7",
            "skip_service_principal_aad_check": null,
            "timeouts": null
          },
          "sensitive_attributes": [],
          "identity_schema_version": 0,
          "private": "eyJlMmJmYjczMC1lY2FhLTExZTYtOGY4OC0zNDM2M2JjN2M0YzAiOnsiY3JlYXRlIjoxODAwMDAwMDAwMDAwLCJkZWxldGUiOjE4MDAwMDAwMDAwMDAsInJlYWQiOjMwMDAwMDAwMDAwMH19",
          "dependencies": [
            "azurerm_resource_group.rg",
            "module.database.azurerm_data_factory.www_adf",
            "module.database.random_string.adf_suffix",
            "module.network_central.azurerm_subnet.subnets",
            "module.network_central.azurerm_virtual_network.vnet",
            "module.storage.azurerm_storage_account.www_sa",
            "module.storage.random_string.sa_suffix"
          ]
        }
      ]
    },
    {
      "module": "module.database",
      "mode": "managed",
      "type": "random_string",
      "name": "adf_suffix",
      "provider": "provider[\"registry.terraform.io/hashicorp/random\"]",
      "instances": [
        {
          "schema_version": 2,
          "attributes": {
            "id": "p0z9",
            "keepers": null,
            "length": 4,
            "lower": true,
            "min_lower": 0,
            "min_numeric": 0,
            "min_special": 0,
            "min_upper": 0,
            "number": true,
            "numeric": true,
            "override_special": null,
            "result": "p0z9",
            "special": false,
            "upper": false
          },
          "sensitive_attributes": [],
          "identity_schema_version": 0
        }
      ]
    },
    {
      "module": "module.database",
      "mode": "managed",
      "type": "random_string",
      "name": "cosmos_suffix",
      "provider": "provider[\"registry.terraform.io/hashicorp/random\"]",
      "instances": [
        {
          "schema_version": 2,
          "attributes": {
            "id": "f8egiv",
            "keepers": null,
            "length": 6,
            "lower": true,
            "min_lower": 0,
            "min_numeric": 0,
            "min_special": 0,
            "min_upper": 0,
            "number": true,
            "numeric": true,
            "override_special": null,
            "result": "f8egiv",
            "special": false,
            "upper": false
          },
          "sensitive_attributes": [],
          "identity_schema_version": 0
        }
      ]
    },
    {
      "module": "module.database",
      "mode": "managed",
      "type": "random_string",
      "name": "mysql_suffix",
      "provider": "provider[\"registry.terraform.io/hashicorp/random\"]",
      "instances": [
        {
          "schema_version": 2,
          "attributes": {
            "id": "32j2",
            "keepers": null,
            "length": 4,
            "lower": true,
            "min_lower": 0,
            "min_numeric": 0,
            "min_special": 0,
            "min_upper": 0,
            "number": true,
            "numeric": true,
            "override_special": null,
            "result": "32j2",
            "special": false,
            "upper": false
          },
          "sensitive_attributes": [],
          "identity_schema_version": 0
        }
      ]
    },
    {
      "module": "module.database",
      "mode": "managed",
      "type": "random_string",
      "name": "redis_suffix",
      "provider": "provider[\"registry.terraform.io/hashicorp/random\"]",
      "instances": [
        {
          "schema_version": 2,
          "attributes": {
            "id": "pi4r",
            "keepers": null,
            "length": 4,
            "lower": true,
            "min_lower": 0,
            "min_numeric": 0,
            "min_special": 0,
            "min_upper": 0,
            "number": true,
            "numeric": true,
            "override_special": null,
            "result": "pi4r",
            "special": false,
            "upper": false
          },
          "sensitive_attributes": [],
          "identity_schema_version": 0
        }
      ]
    },
    {
      "module": "module.database",
      "mode": "managed",
      "type": "random_string",
      "name": "replica_suffix",
      "provider": "provider[\"registry.terraform.io/hashicorp/random\"]",
      "instances": [
        {
          "schema_version": 2,
          "attributes": {
            "id": "qs",
            "keepers": null,
            "length": 2,
            "lower": true,
            "min_lower": 0,
            "min_numeric": 0,
            "min_special": 0,
            "min_upper": 0,
            "number": true,
            "numeric": true,
            "override_special": null,
            "result": "qs",
            "special": false,
            "upper": false
          },
          "sensitive_attributes": [],
          "identity_schema_version": 0
        }
      ]
    },
    {
      "module": "module.database",
      "mode": "managed",
      "type": "time_sleep",
      "name": "wait_for_primary",
      "provider": "provider[\"registry.terraform.io/hashicorp/time\"]",
      "instances": [
        {
          "schema_version": 0,
          "attributes": {
            "create_duration": "5m",
            "destroy_duration": null,
            "id": "2025-12-10T14:38:30Z",
            "triggers": null
          },
          "sensitive_attributes": [],
          "identity_schema_version": 0,
          "dependencies": [
            "azurerm_resource_group.rg",
            "module.database.azurerm_mysql_flexible_server.www_mysql",
            "module.database.random_string.mysql_suffix"
          ]
        }
      ]
    },
    {
      "module": "module.dns",
      "mode": "managed",
      "type": "azurerm_dns_a_record",
      "name": "mail",
      "provider": "provider[\"registry.terraform.io/hashicorp/azurerm\"]",
      "instances": [
        {
          "schema_version": 1,
          "attributes": {
            "fqdn": "mail.04www.cloud.",
            "id": "/subscriptions/99b79efe-ebd6-468c-b39f-5669acb259e1/resourceGroups/04-t1-www/providers/Microsoft.Network/dnsZones/04www.cloud/A/mail",
            "name": "mail",
            "records": [
              "20.196.113.87"
            ],
            "resource_group_name": "04-t1-www",
            "tags": {},
            "target_resource_id": "",
            "timeouts": null,
            "ttl": 300,
            "zone_name": "04www.cloud"
          },
          "sensitive_attributes": [],
          "identity_schema_version": 0,
          "private": "eyJlMmJmYjczMC1lY2FhLTExZTYtOGY4OC0zNDM2M2JjN2M0YzAiOnsiY3JlYXRlIjoxODAwMDAwMDAwMDAwLCJkZWxldGUiOjE4MDAwMDAwMDAwMDAsInJlYWQiOjMwMDAwMDAwMDAwMCwidXBkYXRlIjoxODAwMDAwMDAwMDAwfSwic2NoZW1hX3ZlcnNpb24iOiIxIn0=",
          "dependencies": [
            "azurerm_resource_group.rg",
            "module.compute.azurerm_public_ip.mail_pip",
            "module.dns.azurerm_dns_zone.public"
          ]
        }
      ]
    },
    {
      "module": "module.dns",
      "mode": "managed",
      "type": "azurerm_dns_a_record",
      "name": "root_public",
      "provider": "provider[\"registry.terraform.io/hashicorp/azurerm\"]",
      "instances": [
        {
          "schema_version": 1,
          "attributes": {
            "fqdn": "04www.cloud.",
            "id": "/subscriptions/99b79efe-ebd6-468c-b39f-5669acb259e1/resourceGroups/04-t1-www/providers/Microsoft.Network/dnsZones/04www.cloud/A/@",
            "name": "@",
            "records": [],
            "resource_group_name": "04-t1-www",
            "tags": {},
            "target_resource_id": "/subscriptions/99b79efe-ebd6-468c-b39f-5669acb259e1/resourceGroups/04-t1-www/providers/Microsoft.Cdn/profiles/www-cdn-profile/afdEndpoints/www-fd-endpoint-h2lnv6",
            "timeouts": null,
            "ttl": 300,
            "zone_name": "04www.cloud"
          },
          "sensitive_attributes": [],
          "identity_schema_version": 0,
          "private": "eyJlMmJmYjczMC1lY2FhLTExZTYtOGY4OC0zNDM2M2JjN2M0YzAiOnsiY3JlYXRlIjoxODAwMDAwMDAwMDAwLCJkZWxldGUiOjE4MDAwMDAwMDAwMDAsInJlYWQiOjMwMDAwMDAwMDAwMCwidXBkYXRlIjoxODAwMDAwMDAwMDAwfSwic2NoZW1hX3ZlcnNpb24iOiIxIn0=",
          "dependencies": [
            "azurerm_resource_group.rg",
            "module.dns.azurerm_dns_zone.public",
            "module.edge.azurerm_cdn_frontdoor_endpoint.www_fd_endpoint",
            "module.edge.azurerm_cdn_frontdoor_profile.www_cdn",
            "module.edge.random_string.cdn_suffix"
          ]
        }
      ]
    },
    {
      "module": "module.dns",
      "mode": "managed",
      "type": "azurerm_dns_cname_record",
      "name": "www_public",
      "provider": "provider[\"registry.terraform.io/hashicorp/azurerm\"]",
      "instances": [
        {
          "schema_version": 1,
          "attributes": {
            "fqdn": "www.04www.cloud.",
            "id": "/subscriptions/99b79efe-ebd6-468c-b39f-5669acb259e1/resourceGroups/04-t1-www/providers/Microsoft.Network/dnsZones/04www.cloud/CNAME/www",
            "name": "www",
            "record": "www-fd-endpoint-h2lnv6-ezh6hkfafqg8afbs.a02.azurefd.net",
            "resource_group_name": "04-t1-www",
            "tags": {},
            "target_resource_id": "",
            "timeouts": null,
            "ttl": 300,
            "zone_name": "04www.cloud"
          },
          "sensitive_attributes": [],
          "identity_schema_version": 0,
          "private": "eyJlMmJmYjczMC1lY2FhLTExZTYtOGY4OC0zNDM2M2JjN2M0YzAiOnsiY3JlYXRlIjoxODAwMDAwMDAwMDAwLCJkZWxldGUiOjE4MDAwMDAwMDAwMDAsInJlYWQiOjMwMDAwMDAwMDAwMCwidXBkYXRlIjoxODAwMDAwMDAwMDAwfSwic2NoZW1hX3ZlcnNpb24iOiIxIn0=",
          "dependencies": [
            "azurerm_resource_group.rg",
            "module.dns.azurerm_dns_zone.public",
            "module.edge.azurerm_cdn_frontdoor_endpoint.www_fd_endpoint",
            "module.edge.azurerm_cdn_frontdoor_profile.www_cdn",
            "module.edge.random_string.cdn_suffix"
          ]
        }
      ]
    },
    {
      "module": "module.dns",
      "mode": "managed",
      "type": "azurerm_dns_mx_record",
      "name": "mail",
      "provider": "provider[\"registry.terraform.io/hashicorp/azurerm\"]",
      "instances": [
        {
          "schema_version": 1,
          "attributes": {
            "fqdn": "04www.cloud.",
            "id": "/subscriptions/99b79efe-ebd6-468c-b39f-5669acb259e1/resourceGroups/04-t1-www/providers/Microsoft.Network/dnsZones/04www.cloud/MX/@",
            "name": "@",
            "record": [
              {
                "exchange": "mail.04www.cloud.",
                "preference": "10"
              }
            ],
            "resource_group_name": "04-t1-www",
            "tags": {},
            "timeouts": null,
            "ttl": 300,
            "zone_name": "04www.cloud"
          },
          "sensitive_attributes": [],
          "identity_schema_version": 0,
          "private": "eyJlMmJmYjczMC1lY2FhLTExZTYtOGY4OC0zNDM2M2JjN2M0YzAiOnsiY3JlYXRlIjoxODAwMDAwMDAwMDAwLCJkZWxldGUiOjE4MDAwMDAwMDAwMDAsInJlYWQiOjMwMDAwMDAwMDAwMCwidXBkYXRlIjoxODAwMDAwMDAwMDAwfSwic2NoZW1hX3ZlcnNpb24iOiIxIn0=",
          "dependencies": [
            "azurerm_resource_group.rg",
            "module.dns.azurerm_dns_zone.public"
          ]
        }
      ]
    },
    {
      "module": "module.dns",
      "mode": "managed",
      "type": "azurerm_dns_txt_record",
      "name": "apex_validation",
      "provider": "provider[\"registry.terraform.io/hashicorp/azurerm\"]",
      "instances": [
        {
          "schema_version": 1,
          "attributes": {
            "fqdn": "_dnsauth.04www.cloud.",
            "id": "/subscriptions/99b79efe-ebd6-468c-b39f-5669acb259e1/resourceGroups/04-t1-www/providers/Microsoft.Network/dnsZones/04www.cloud/TXT/_dnsauth",
            "name": "_dnsauth",
            "record": [
              {
                "value": "_r2pf4qkihmyg2mzy9fr5p6ynx945wcm"
              }
            ],
            "resource_group_name": "04-t1-www",
            "tags": {},
            "timeouts": null,
            "ttl": 300,
            "zone_name": "04www.cloud"
          },
          "sensitive_attributes": [],
          "identity_schema_version": 0,
          "private": "eyJlMmJmYjczMC1lY2FhLTExZTYtOGY4OC0zNDM2M2JjN2M0YzAiOnsiY3JlYXRlIjoxODAwMDAwMDAwMDAwLCJkZWxldGUiOjE4MDAwMDAwMDAwMDAsInJlYWQiOjMwMDAwMDAwMDAwMCwidXBkYXRlIjoxODAwMDAwMDAwMDAwfSwic2NoZW1hX3ZlcnNpb24iOiIxIn0=",
          "dependencies": [
            "azurerm_resource_group.rg",
            "module.dns.azurerm_dns_zone.public",
            "module.edge.azurerm_cdn_frontdoor_custom_domain.apex_custom_domain",
            "module.edge.azurerm_cdn_frontdoor_profile.www_cdn",
            "module.edge.azurerm_cdn_frontdoor_secret.kv_cert_secret",
            "module.edge.azurerm_role_assignment.frontdoor_kv_role",
            "module.network_central.azurerm_subnet.subnets",
            "module.network_central.azurerm_virtual_network.vnet",
            "module.security.azurerm_key_vault.kv",
            "module.security.data.azurerm_client_config.current",
            "module.security.data.http.my_ip",
            "module.security.random_id.kv"
          ]
        }
      ]
    },
    {
      "module": "module.dns",
      "mode": "managed",
      "type": "azurerm_dns_txt_record",
      "name": "dmarc",
      "provider": "provider[\"registry.terraform.io/hashicorp/azurerm\"]",
      "instances": [
        {
          "schema_version": 1,
          "attributes": {
            "fqdn": "_dmarc.04www.cloud.",
            "id": "/subscriptions/99b79efe-ebd6-468c-b39f-5669acb259e1/resourceGroups/04-t1-www/providers/Microsoft.Network/dnsZones/04www.cloud/TXT/_dmarc",
            "name": "_dmarc",
            "record": [
              {
                "value": "v=DMARC1; p=none; sp=none; rua=mailto:admin@04www.cloud"
              }
            ],
            "resource_group_name": "04-t1-www",
            "tags": {},
            "timeouts": null,
            "ttl": 300,
            "zone_name": "04www.cloud"
          },
          "sensitive_attributes": [],
          "identity_schema_version": 0,
          "private": "eyJlMmJmYjczMC1lY2FhLTExZTYtOGY4OC0zNDM2M2JjN2M0YzAiOnsiY3JlYXRlIjoxODAwMDAwMDAwMDAwLCJkZWxldGUiOjE4MDAwMDAwMDAwMDAsInJlYWQiOjMwMDAwMDAwMDAwMCwidXBkYXRlIjoxODAwMDAwMDAwMDAwfSwic2NoZW1hX3ZlcnNpb24iOiIxIn0=",
          "dependencies": [
            "azurerm_resource_group.rg",
            "module.dns.azurerm_dns_zone.public"
          ]
        }
      ]
    },
    {
      "module": "module.dns",
      "mode": "managed",
      "type": "azurerm_dns_txt_record",
      "name": "spf",
      "provider": "provider[\"registry.terraform.io/hashicorp/azurerm\"]",
      "instances": [
        {
          "schema_version": 1,
          "attributes": {
            "fqdn": "04www.cloud.",
            "id": "/subscriptions/99b79efe-ebd6-468c-b39f-5669acb259e1/resourceGroups/04-t1-www/providers/Microsoft.Network/dnsZones/04www.cloud/TXT/@",
            "name": "@",
            "record": [
              {
                "value": "v=spf1 a mx ip4:20.196.113.87 -all"
              }
            ],
            "resource_group_name": "04-t1-www",
            "tags": {},
            "timeouts": null,
            "ttl": 300,
            "zone_name": "04www.cloud"
          },
          "sensitive_attributes": [],
          "identity_schema_version": 0,
          "private": "eyJlMmJmYjczMC1lY2FhLTExZTYtOGY4OC0zNDM2M2JjN2M0YzAiOnsiY3JlYXRlIjoxODAwMDAwMDAwMDAwLCJkZWxldGUiOjE4MDAwMDAwMDAwMDAsInJlYWQiOjMwMDAwMDAwMDAwMCwidXBkYXRlIjoxODAwMDAwMDAwMDAwfSwic2NoZW1hX3ZlcnNpb24iOiIxIn0=",
          "dependencies": [
            "azurerm_resource_group.rg",
            "module.compute.azurerm_public_ip.mail_pip",
            "module.dns.azurerm_dns_zone.public"
          ]
        }
      ]
    },
    {
      "module": "module.dns",
      "mode": "managed",
      "type": "azurerm_dns_txt_record",
      "name": "www_validation",
      "provider": "provider[\"registry.terraform.io/hashicorp/azurerm\"]",
      "instances": [
        {
          "schema_version": 1,
          "attributes": {
            "fqdn": "_dnsauth.www.04www.cloud.",
            "id": "/subscriptions/99b79efe-ebd6-468c-b39f-5669acb259e1/resourceGroups/04-t1-www/providers/Microsoft.Network/dnsZones/04www.cloud/TXT/_dnsauth.www",
            "name": "_dnsauth.www",
            "record": [
              {
                "value": "_czt7gkz3fsvuka3ehmnau7i6r98163m"
              }
            ],
            "resource_group_name": "04-t1-www",
            "tags": {},
            "timeouts": null,
            "ttl": 300,
            "zone_name": "04www.cloud"
          },
          "sensitive_attributes": [],
          "identity_schema_version": 0,
          "private": "eyJlMmJmYjczMC1lY2FhLTExZTYtOGY4OC0zNDM2M2JjN2M0YzAiOnsiY3JlYXRlIjoxODAwMDAwMDAwMDAwLCJkZWxldGUiOjE4MDAwMDAwMDAwMDAsInJlYWQiOjMwMDAwMDAwMDAwMCwidXBkYXRlIjoxODAwMDAwMDAwMDAwfSwic2NoZW1hX3ZlcnNpb24iOiIxIn0=",
          "dependencies": [
            "azurerm_resource_group.rg",
            "module.dns.azurerm_dns_zone.public",
            "module.edge.azurerm_cdn_frontdoor_custom_domain.www_custom_domain",
            "module.edge.azurerm_cdn_frontdoor_profile.www_cdn",
            "module.edge.azurerm_cdn_frontdoor_secret.kv_cert_secret",
            "module.edge.azurerm_role_assignment.frontdoor_kv_role",
            "module.network_central.azurerm_subnet.subnets",
            "module.network_central.azurerm_virtual_network.vnet",
            "module.security.azurerm_key_vault.kv",
            "module.security.data.azurerm_client_config.current",
            "module.security.data.http.my_ip",
            "module.security.random_id.kv"
          ]
        }
      ]
    },
    {
      "module": "module.dns",
      "mode": "managed",
      "type": "azurerm_dns_zone",
      "name": "public",
      "provider": "provider[\"registry.terraform.io/hashicorp/azurerm\"]",
      "instances": [
        {
          "schema_version": 2,
          "attributes": {
            "id": "/subscriptions/99b79efe-ebd6-468c-b39f-5669acb259e1/resourceGroups/04-t1-www/providers/Microsoft.Network/dnsZones/04www.cloud",
            "max_number_of_record_sets": 10000,
            "name": "04www.cloud",
            "name_servers": [
              "ns1-01.azure-dns.com.",
              "ns2-01.azure-dns.net.",
              "ns3-01.azure-dns.org.",
              "ns4-01.azure-dns.info."
            ],
            "number_of_record_sets": 10,
            "resource_group_name": "04-t1-www",
            "soa_record": [
              {
                "email": "azuredns-hostmaster.microsoft.com",
                "expire_time": 2419200,
                "fqdn": "04www.cloud.",
                "host_name": "ns1-01.azure-dns.com.",
                "minimum_ttl": 300,
                "refresh_time": 3600,
                "retry_time": 300,
                "serial_number": 1,
                "tags": {},
                "ttl": 3600
              }
            ],
            "tags": {
              "Environment": "Production",
              "ManagedBy": "Terraform",
              "Purpose": "Public-DNS"
            },
            "timeouts": null
          },
          "sensitive_attributes": [],
          "identity_schema_version": 0,
          "private": "eyJlMmJmYjczMC1lY2FhLTExZTYtOGY4OC0zNDM2M2JjN2M0YzAiOnsiY3JlYXRlIjoxODAwMDAwMDAwMDAwLCJkZWxldGUiOjE4MDAwMDAwMDAwMDAsInJlYWQiOjMwMDAwMDAwMDAwMCwidXBkYXRlIjoxODAwMDAwMDAwMDAwfSwic2NoZW1hX3ZlcnNpb24iOiIyIn0=",
          "dependencies": [
            "azurerm_resource_group.rg"
          ]
        }
      ]
    },
    {
      "module": "module.edge",
      "mode": "managed",
      "type": "azurerm_cdn_frontdoor_custom_domain",
      "name": "apex_custom_domain",
      "provider": "provider[\"registry.terraform.io/hashicorp/azurerm\"]",
      "instances": [
        {
          "schema_version": 0,
          "attributes": {
            "cdn_frontdoor_profile_id": "/subscriptions/99b79efe-ebd6-468c-b39f-5669acb259e1/resourceGroups/04-t1-www/providers/Microsoft.Cdn/profiles/www-cdn-profile",
            "dns_zone_id": "",
            "expiration_date": "2025-12-17T14:37:58.4392304+00:00",
            "host_name": "04www.cloud",
            "id": "/subscriptions/99b79efe-ebd6-468c-b39f-5669acb259e1/resourceGroups/04-t1-www/providers/Microsoft.Cdn/profiles/www-cdn-profile/customDomains/apex-custom-domain",
            "name": "apex-custom-domain",
            "timeouts": null,
            "tls": [
              {
                "cdn_frontdoor_secret_id": "/subscriptions/99b79efe-ebd6-468c-b39f-5669acb259e1/resourceGroups/04-t1-www/providers/Microsoft.Cdn/profiles/www-cdn-profile/secrets/0--fe776dc2-de80-4cd8-833b-b44140490317-04www-cloud",
                "certificate_type": "ManagedCertificate",
                "minimum_tls_version": "TLS12"
              }
            ],
            "validation_token": "_r2pf4qkihmyg2mzy9fr5p6ynx945wcm"
          },
          "sensitive_attributes": [],
          "identity_schema_version": 0,
          "private": "eyJlMmJmYjczMC1lY2FhLTExZTYtOGY4OC0zNDM2M2JjN2M0YzAiOnsiY3JlYXRlIjo0MzIwMDAwMDAwMDAwMCwiZGVsZXRlIjo0MzIwMDAwMDAwMDAwMCwicmVhZCI6MzAwMDAwMDAwMDAwLCJ1cGRhdGUiOjg2NDAwMDAwMDAwMDAwfX0=",
          "dependencies": [
            "azurerm_resource_group.rg",
            "module.edge.azurerm_cdn_frontdoor_profile.www_cdn",
            "module.edge.azurerm_cdn_frontdoor_secret.kv_cert_secret",
            "module.edge.azurerm_role_assignment.frontdoor_kv_role",
            "module.network_central.azurerm_subnet.subnets",
            "module.network_central.azurerm_virtual_network.vnet",
            "module.security.azurerm_key_vault.kv",
            "module.security.data.azurerm_client_config.current",
            "module.security.data.http.my_ip",
            "module.security.random_id.kv"
          ]
        }
      ]
    },
    {
      "module": "module.edge",
      "mode": "managed",
      "type": "azurerm_cdn_frontdoor_custom_domain",
      "name": "www_custom_domain",
      "provider": "provider[\"registry.terraform.io/hashicorp/azurerm\"]",
      "instances": [
        {
          "schema_version": 0,
          "attributes": {
            "cdn_frontdoor_profile_id": "/subscriptions/99b79efe-ebd6-468c-b39f-5669acb259e1/resourceGroups/04-t1-www/providers/Microsoft.Cdn/profiles/www-cdn-profile",
            "dns_zone_id": "",
            "expiration_date": "2025-12-17T14:38:01.9955106+00:00",
            "host_name": "www.04www.cloud",
            "id": "/subscriptions/99b79efe-ebd6-468c-b39f-5669acb259e1/resourceGroups/04-t1-www/providers/Microsoft.Cdn/profiles/www-cdn-profile/customDomains/www-custom-domain",
            "name": "www-custom-domain",
            "timeouts": null,
            "tls": [
              {
                "cdn_frontdoor_secret_id": "/subscriptions/99b79efe-ebd6-468c-b39f-5669acb259e1/resourceGroups/04-t1-www/providers/Microsoft.Cdn/profiles/www-cdn-profile/secrets/0--4b78cd7c-b2ad-444c-8ee8-b7b747c770ae-www-04www-cloud",
                "certificate_type": "ManagedCertificate",
                "minimum_tls_version": "TLS12"
              }
            ],
            "validation_token": "_czt7gkz3fsvuka3ehmnau7i6r98163m"
          },
          "sensitive_attributes": [],
          "identity_schema_version": 0,
          "private": "eyJlMmJmYjczMC1lY2FhLTExZTYtOGY4OC0zNDM2M2JjN2M0YzAiOnsiY3JlYXRlIjo0MzIwMDAwMDAwMDAwMCwiZGVsZXRlIjo0MzIwMDAwMDAwMDAwMCwicmVhZCI6MzAwMDAwMDAwMDAwLCJ1cGRhdGUiOjg2NDAwMDAwMDAwMDAwfX0=",
          "dependencies": [
            "azurerm_resource_group.rg",
            "module.edge.azurerm_cdn_frontdoor_profile.www_cdn",
            "module.edge.azurerm_cdn_frontdoor_secret.kv_cert_secret",
            "module.edge.azurerm_role_assignment.frontdoor_kv_role",
            "module.network_central.azurerm_subnet.subnets",
            "module.network_central.azurerm_virtual_network.vnet",
            "module.security.azurerm_key_vault.kv",
            "module.security.data.azurerm_client_config.current",
            "module.security.data.http.my_ip",
            "module.security.random_id.kv"
          ]
        }
      ]
    },
    {
      "module": "module.edge",
      "mode": "managed",
      "type": "azurerm_cdn_frontdoor_endpoint",
      "name": "www_fd_endpoint",
      "provider": "provider[\"registry.terraform.io/hashicorp/azurerm\"]",
      "instances": [
        {
          "schema_version": 0,
          "attributes": {
            "cdn_frontdoor_profile_id": "/subscriptions/99b79efe-ebd6-468c-b39f-5669acb259e1/resourceGroups/04-t1-www/providers/Microsoft.Cdn/profiles/www-cdn-profile",
            "enabled": true,
            "host_name": "www-fd-endpoint-h2lnv6-ezh6hkfafqg8afbs.a02.azurefd.net",
            "id": "/subscriptions/99b79efe-ebd6-468c-b39f-5669acb259e1/resourceGroups/04-t1-www/providers/Microsoft.Cdn/profiles/www-cdn-profile/afdEndpoints/www-fd-endpoint-h2lnv6",
            "name": "www-fd-endpoint-h2lnv6",
            "tags": {},
            "timeouts": null
          },
          "sensitive_attributes": [],
          "identity_schema_version": 0,
          "private": "eyJlMmJmYjczMC1lY2FhLTExZTYtOGY4OC0zNDM2M2JjN2M0YzAiOnsiY3JlYXRlIjoxODAwMDAwMDAwMDAwLCJkZWxldGUiOjE4MDAwMDAwMDAwMDAsInJlYWQiOjMwMDAwMDAwMDAwMCwidXBkYXRlIjoxODAwMDAwMDAwMDAwfX0=",
          "dependencies": [
            "azurerm_resource_group.rg",
            "module.edge.azurerm_cdn_frontdoor_profile.www_cdn",
            "module.edge.random_string.cdn_suffix"
          ]
        }
      ]
    },
    {
      "module": "module.edge",
      "mode": "managed",
      "type": "azurerm_cdn_frontdoor_firewall_policy",
      "name": "waf_policy",
      "provider": "provider[\"registry.terraform.io/hashicorp/azurerm\"]",
      "instances": [
        {
          "schema_version": 0,
          "attributes": {
            "captcha_cookie_expiration_in_minutes": 30,
            "custom_block_response_body": "QWNjZXNzIERlbmllZCBieSBXQUY=",
            "custom_block_response_status_code": 403,
            "custom_rule": [],
            "enabled": true,
            "frontend_endpoint_ids": [],
            "id": "/subscriptions/99b79efe-ebd6-468c-b39f-5669acb259e1/resourceGroups/04-t1-www/providers/Microsoft.Network/frontDoorWebApplicationFirewallPolicies/wwwfdwafpolicy8e3369",
            "js_challenge_cookie_expiration_in_minutes": 30,
            "log_scrubbing": [],
            "managed_rule": [
              {
                "action": "Block",
                "exclusion": [],
                "override": [],
                "type": "Microsoft_DefaultRuleSet",
                "version": "2.1"
              }
            ],
            "mode": "Prevention",
            "name": "wwwfdwafpolicy8e3369",
            "redirect_url": "",
            "request_body_check_enabled": true,
            "resource_group_name": "04-t1-www",
            "sku_name": "Premium_AzureFrontDoor",
            "tags": {},
            "timeouts": null
          },
          "sensitive_attributes": [],
          "identity_schema_version": 0,
          "private": "eyJlMmJmYjczMC1lY2FhLTExZTYtOGY4OC0zNDM2M2JjN2M0YzAiOnsiY3JlYXRlIjoxODAwMDAwMDAwMDAwLCJkZWxldGUiOjE4MDAwMDAwMDAwMDAsInJlYWQiOjMwMDAwMDAwMDAwMCwidXBkYXRlIjoxODAwMDAwMDAwMDAwfX0=",
          "dependencies": [
            "azurerm_resource_group.rg",
            "module.edge.azurerm_cdn_frontdoor_profile.www_cdn",
            "module.edge.random_string.waf_suffix"
          ]
        }
      ]
    },
    {
      "module": "module.edge",
      "mode": "managed",
      "type": "azurerm_cdn_frontdoor_origin",
      "name": "www_fd_origin",
      "provider": "provider[\"registry.terraform.io/hashicorp/azurerm\"]",
      "instances": [
        {
          "schema_version": 0,
          "attributes": {
            "cdn_frontdoor_origin_group_id": "/subscriptions/99b79efe-ebd6-468c-b39f-5669acb259e1/resourceGroups/04-t1-www/providers/Microsoft.Cdn/profiles/www-cdn-profile/originGroups/www-fd-origin-group",
            "certificate_name_check_enabled": false,
            "enabled": true,
            "host_name": "20.214.122.163",
            "http_port": 80,
            "https_port": 443,
            "id": "/subscriptions/99b79efe-ebd6-468c-b39f-5669acb259e1/resourceGroups/04-t1-www/providers/Microsoft.Cdn/profiles/www-cdn-profile/originGroups/www-fd-origin-group/origins/www-fd-origin",
            "name": "www-fd-origin",
            "origin_host_header": "20.214.122.163",
            "priority": 1,
            "private_link": [],
            "timeouts": null,
            "weight": 1000
          },
          "sensitive_attributes": [],
          "identity_schema_version": 0,
          "private": "eyJlMmJmYjczMC1lY2FhLTExZTYtOGY4OC0zNDM2M2JjN2M0YzAiOnsiY3JlYXRlIjoxODAwMDAwMDAwMDAwLCJkZWxldGUiOjE4MDAwMDAwMDAwMDAsInJlYWQiOjMwMDAwMDAwMDAwMCwidXBkYXRlIjoxODAwMDAwMDAwMDAwfX0=",
          "dependencies": [
            "azurerm_resource_group.rg",
            "module.edge.azurerm_cdn_frontdoor_origin_group.www_fd_origin_group",
            "module.edge.azurerm_cdn_frontdoor_profile.www_cdn",
            "module.network_central.azurerm_public_ip.appgw_pip",
            "module.network_central.azurerm_public_ip.lb_pip"
          ]
        }
      ]
    },
    {
      "module": "module.edge",
      "mode": "managed",
      "type": "azurerm_cdn_frontdoor_origin_group",
      "name": "www_fd_origin_group",
      "provider": "provider[\"registry.terraform.io/hashicorp/azurerm\"]",
      "instances": [
        {
          "schema_version": 0,
          "attributes": {
            "cdn_frontdoor_profile_id": "/subscriptions/99b79efe-ebd6-468c-b39f-5669acb259e1/resourceGroups/04-t1-www/providers/Microsoft.Cdn/profiles/www-cdn-profile",
            "health_probe": [
              {
                "interval_in_seconds": 30,
                "path": "/",
                "protocol": "Http",
                "request_type": "GET"
              }
            ],
            "id": "/subscriptions/99b79efe-ebd6-468c-b39f-5669acb259e1/resourceGroups/04-t1-www/providers/Microsoft.Cdn/profiles/www-cdn-profile/originGroups/www-fd-origin-group",
            "load_balancing": [
              {
                "additional_latency_in_milliseconds": 50,
                "sample_size": 4,
                "successful_samples_required": 3
              }
            ],
            "name": "www-fd-origin-group",
            "restore_traffic_time_to_healed_or_new_endpoint_in_minutes": 10,
            "session_affinity_enabled": false,
            "timeouts": null
          },
          "sensitive_attributes": [],
          "identity_schema_version": 0,
          "private": "eyJlMmJmYjczMC1lY2FhLTExZTYtOGY4OC0zNDM2M2JjN2M0YzAiOnsiY3JlYXRlIjoxODAwMDAwMDAwMDAwLCJkZWxldGUiOjE4MDAwMDAwMDAwMDAsInJlYWQiOjMwMDAwMDAwMDAwMCwidXBkYXRlIjoxODAwMDAwMDAwMDAwfX0=",
          "dependencies": [
            "azurerm_resource_group.rg",
            "module.edge.azurerm_cdn_frontdoor_profile.www_cdn"
          ]
        }
      ]
    },
    {
      "module": "module.edge",
      "mode": "managed",
      "type": "azurerm_cdn_frontdoor_profile",
      "name": "www_cdn",
      "provider": "provider[\"registry.terraform.io/hashicorp/azurerm\"]",
      "instances": [
        {
          "schema_version": 0,
          "attributes": {
            "id": "/subscriptions/99b79efe-ebd6-468c-b39f-5669acb259e1/resourceGroups/04-t1-www/providers/Microsoft.Cdn/profiles/www-cdn-profile",
            "identity": [
              {
                "identity_ids": [],
                "principal_id": "465d3899-4183-4d89-a2d2-3676a5942388",
                "tenant_id": "548e9ef4-b1d5-48fa-b220-59f52d6db511",
                "type": "SystemAssigned"
              }
            ],
            "log_scrubbing_rule": [],
            "name": "www-cdn-profile",
            "resource_group_name": "04-t1-www",
            "resource_guid": "cc0af546-25d3-4b6d-8f63-b5051f2b7941",
            "response_timeout_seconds": 120,
            "sku_name": "Premium_AzureFrontDoor",
            "tags": {},
            "timeouts": {
              "create": "60m",
              "delete": "60m",
              "read": null,
              "update": "60m"
            }
          },
          "sensitive_attributes": [],
          "identity_schema_version": 0,
          "private": "eyJlMmJmYjczMC1lY2FhLTExZTYtOGY4OC0zNDM2M2JjN2M0YzAiOnsiY3JlYXRlIjozNjAwMDAwMDAwMDAwLCJkZWxldGUiOjM2MDAwMDAwMDAwMDAsInJlYWQiOjMwMDAwMDAwMDAwMCwidXBkYXRlIjozNjAwMDAwMDAwMDAwfX0=",
          "dependencies": [
            "azurerm_resource_group.rg"
          ]
        }
      ]
    },
    {
      "module": "module.edge",
      "mode": "managed",
      "type": "azurerm_cdn_frontdoor_route",
      "name": "www_fd_route",
      "provider": "provider[\"registry.terraform.io/hashicorp/azurerm\"]",
      "instances": [
        {
          "schema_version": 0,
          "attributes": {
            "cache": [],
            "cdn_frontdoor_custom_domain_ids": [
              "/subscriptions/99b79efe-ebd6-468c-b39f-5669acb259e1/resourceGroups/04-t1-www/providers/Microsoft.Cdn/profiles/www-cdn-profile/customDomains/apex-custom-domain",
              "/subscriptions/99b79efe-ebd6-468c-b39f-5669acb259e1/resourceGroups/04-t1-www/providers/Microsoft.Cdn/profiles/www-cdn-profile/customDomains/www-custom-domain"
            ],
            "cdn_frontdoor_endpoint_id": "/subscriptions/99b79efe-ebd6-468c-b39f-5669acb259e1/resourceGroups/04-t1-www/providers/Microsoft.Cdn/profiles/www-cdn-profile/afdEndpoints/www-fd-endpoint-h2lnv6",
            "cdn_frontdoor_origin_group_id": "/subscriptions/99b79efe-ebd6-468c-b39f-5669acb259e1/resourceGroups/04-t1-www/providers/Microsoft.Cdn/profiles/www-cdn-profile/originGroups/www-fd-origin-group",
            "cdn_frontdoor_origin_ids": [
              "/subscriptions/99b79efe-ebd6-468c-b39f-5669acb259e1/resourceGroups/04-t1-www/providers/Microsoft.Cdn/profiles/www-cdn-profile/originGroups/www-fd-origin-group/origins/www-fd-origin"
            ],
            "cdn_frontdoor_origin_path": "",
            "cdn_frontdoor_rule_set_ids": [],
            "enabled": true,
            "forwarding_protocol": "HttpOnly",
            "https_redirect_enabled": true,
            "id": "/subscriptions/99b79efe-ebd6-468c-b39f-5669acb259e1/resourceGroups/04-t1-www/providers/Microsoft.Cdn/profiles/www-cdn-profile/afdEndpoints/www-fd-endpoint-h2lnv6/routes/www-fd-route",
            "link_to_default_domain": true,
            "name": "www-fd-route",
            "patterns_to_match": [
              "/*"
            ],
            "supported_protocols": [
              "Http",
              "Https"
            ],
            "timeouts": null
          },
          "sensitive_attributes": [],
          "identity_schema_version": 0,
          "private": "eyJlMmJmYjczMC1lY2FhLTExZTYtOGY4OC0zNDM2M2JjN2M0YzAiOnsiY3JlYXRlIjoxODAwMDAwMDAwMDAwLCJkZWxldGUiOjE4MDAwMDAwMDAwMDAsInJlYWQiOjMwMDAwMDAwMDAwMCwidXBkYXRlIjoxODAwMDAwMDAwMDAwfX0=",
          "dependencies": [
            "azurerm_resource_group.rg",
            "module.edge.azurerm_cdn_frontdoor_custom_domain.apex_custom_domain",
            "module.edge.azurerm_cdn_frontdoor_custom_domain.www_custom_domain",
            "module.edge.azurerm_cdn_frontdoor_endpoint.www_fd_endpoint",
            "module.edge.azurerm_cdn_frontdoor_origin.www_fd_origin",
            "module.edge.azurerm_cdn_frontdoor_origin_group.www_fd_origin_group",
            "module.edge.azurerm_cdn_frontdoor_profile.www_cdn",
            "module.edge.azurerm_cdn_frontdoor_secret.kv_cert_secret",
            "module.edge.azurerm_role_assignment.frontdoor_kv_role",
            "module.edge.random_string.cdn_suffix",
            "module.network_central.azurerm_public_ip.appgw_pip",
            "module.network_central.azurerm_public_ip.lb_pip",
            "module.network_central.azurerm_subnet.subnets",
            "module.network_central.azurerm_virtual_network.vnet",
            "module.security.azurerm_key_vault.kv",
            "module.security.data.azurerm_client_config.current",
            "module.security.data.http.my_ip",
            "module.security.random_id.kv"
          ]
        }
      ]
    },
    {
      "module": "module.edge",
      "mode": "managed",
      "type": "azurerm_cdn_frontdoor_security_policy",
      "name": "waf_association",
      "provider": "provider[\"registry.terraform.io/hashicorp/azurerm\"]",
      "instances": [
        {
          "schema_version": 0,
          "attributes": {
            "cdn_frontdoor_profile_id": "/subscriptions/99b79efe-ebd6-468c-b39f-5669acb259e1/resourceGroups/04-t1-www/providers/Microsoft.Cdn/profiles/www-cdn-profile",
            "id": "/subscriptions/99b79efe-ebd6-468c-b39f-5669acb259e1/resourceGroups/04-t1-www/providers/Microsoft.Cdn/profiles/www-cdn-profile/securityPolicies/www-waf-association",
            "name": "www-waf-association",
            "security_policies": [
              {
                "firewall": [
                  {
                    "association": [
                      {
                        "domain": [
                          {
                            "active": true,
                            "cdn_frontdoor_domain_id": "/subscriptions/99b79efe-ebd6-468c-b39f-5669acb259e1/resourceGroups/04-t1-www/providers/Microsoft.Cdn/profiles/www-cdn-profile/afdEndpoints/www-fd-endpoint-h2lnv6"
                          }
                        ],
                        "patterns_to_match": [
                          "/*"
                        ]
                      }
                    ],
                    "cdn_frontdoor_firewall_policy_id": "/subscriptions/99b79efe-ebd6-468c-b39f-5669acb259e1/resourceGroups/04-t1-www/providers/Microsoft.Network/frontDoorWebApplicationFirewallPolicies/wwwfdwafpolicy8e3369"
                  }
                ]
              }
            ],
            "timeouts": null
          },
          "sensitive_attributes": [],
          "identity_schema_version": 0,
          "private": "eyJlMmJmYjczMC1lY2FhLTExZTYtOGY4OC0zNDM2M2JjN2M0YzAiOnsiY3JlYXRlIjoxODAwMDAwMDAwMDAwLCJkZWxldGUiOjE4MDAwMDAwMDAwMDAsInJlYWQiOjMwMDAwMDAwMDAwMCwidXBkYXRlIjoxODAwMDAwMDAwMDAwfX0=",
          "dependencies": [
            "azurerm_resource_group.rg",
            "module.edge.azurerm_cdn_frontdoor_endpoint.www_fd_endpoint",
            "module.edge.azurerm_cdn_frontdoor_firewall_policy.waf_policy",
            "module.edge.azurerm_cdn_frontdoor_profile.www_cdn",
            "module.edge.random_string.cdn_suffix",
            "module.edge.random_string.waf_suffix"
          ]
        }
      ]
    },
    {
      "module": "module.edge",
      "mode": "managed",
      "type": "random_string",
      "name": "cdn_suffix",
      "provider": "provider[\"registry.terraform.io/hashicorp/random\"]",
      "instances": [
        {
          "schema_version": 2,
          "attributes": {
            "id": "h2lnv6",
            "keepers": null,
            "length": 6,
            "lower": true,
            "min_lower": 0,
            "min_numeric": 0,
            "min_special": 0,
            "min_upper": 0,
            "number": true,
            "numeric": true,
            "override_special": null,
            "result": "h2lnv6",
            "special": false,
            "upper": false
          },
          "sensitive_attributes": [],
          "identity_schema_version": 0
        }
      ]
    },
    {
      "module": "module.edge",
      "mode": "managed",
      "type": "random_string",
      "name": "waf_suffix",
      "provider": "provider[\"registry.terraform.io/hashicorp/random\"]",
      "instances": [
        {
          "schema_version": 2,
          "attributes": {
            "id": "8e3369",
            "keepers": null,
            "length": 6,
            "lower": true,
            "min_lower": 0,
            "min_numeric": 0,
            "min_special": 0,
            "min_upper": 0,
            "number": true,
            "numeric": true,
            "override_special": null,
            "result": "8e3369",
            "special": false,
            "upper": false
          },
          "sensitive_attributes": [],
          "identity_schema_version": 0
        }
      ]
    },
    {
      "module": "module.governance",
      "mode": "data",
      "type": "azurerm_client_config",
      "name": "current",
      "provider": "provider[\"registry.terraform.io/hashicorp/azurerm\"]",
      "instances": [
        {
          "schema_version": 0,
          "attributes": {
            "client_id": "04b07795-8ddb-461a-bbee-02f9e1bf7b46",
            "id": "Y2xpZW50Q29uZmlncy9jbGllbnRJZD0wNGIwNzc5NS04ZGRiLTQ2MWEtYmJlZS0wMmY5ZTFiZjdiNDY7b2JqZWN0SWQ9NDkyMTMxYjYtNjcxYi00M2YxLWFjMWUtZGI2YTI2MjIyNTY5O3N1YnNjcmlwdGlvbklkPTk5Yjc5ZWZlLWViZDYtNDY4Yy1iMzlmLTU2NjlhY2IyNTllMTt0ZW5hbnRJZD01NDhlOWVmNC1iMWQ1LTQ4ZmEtYjIyMC01OWY1MmQ2ZGI1MTE=",
            "object_id": "492131b6-671b-43f1-ac1e-db6a26222569",
            "subscription_id": "99b79efe-ebd6-468c-b39f-5669acb259e1",
            "tenant_id": "548e9ef4-b1d5-48fa-b220-59f52d6db511",
            "timeouts": null
          },
          "sensitive_attributes": [],
          "identity_schema_version": 0
        }
      ]
    },
    {
      "module": "module.governance",
      "mode": "managed",
      "type": "azurerm_management_lock",
      "name": "db_lock",
      "provider": "provider[\"registry.terraform.io/hashicorp/azurerm\"]",
      "instances": [
        {
          "schema_version": 0,
          "attributes": {
            "id": "/subscriptions/99b79efe-ebd6-468c-b39f-5669acb259e1/resourceGroups/04-t1-www/providers/Microsoft.DBforMySQL/flexibleServers/www-mysql-server-32j2/providers/Microsoft.Authorization/locks/mysql-delete-lock",
            "lock_level": "CanNotDelete",
            "name": "mysql-delete-lock",
            "notes": "Critical Production Database - Deletion Prevented",
            "scope": "/subscriptions/99b79efe-ebd6-468c-b39f-5669acb259e1/resourceGroups/04-t1-www/providers/Microsoft.DBforMySQL/flexibleServers/www-mysql-server-32j2",
            "timeouts": null
          },
          "sensitive_attributes": [],
          "identity_schema_version": 0,
          "private": "eyJlMmJmYjczMC1lY2FhLTExZTYtOGY4OC0zNDM2M2JjN2M0YzAiOnsiY3JlYXRlIjoxODAwMDAwMDAwMDAwLCJkZWxldGUiOjE4MDAwMDAwMDAwMDAsInJlYWQiOjMwMDAwMDAwMDAwMH19",
          "dependencies": [
            "azurerm_resource_group.rg",
            "module.database.azurerm_mysql_flexible_server.www_mysql",
            "module.database.random_string.mysql_suffix"
          ]
        }
      ]
    },
    {
      "module": "module.governance",
      "mode": "managed",
      "type": "azurerm_policy_definition",
      "name": "allowed_locations",
      "provider": "provider[\"registry.terraform.io/hashicorp/azurerm\"]",
      "instances": [
        {
          "schema_version": 0,
          "attributes": {
            "description": "This policy enables you to restrict the locations your organization can specify when deploying resources.",
            "display_name": "Allowed Locations (xauogv)",
            "id": "/subscriptions/99b79efe-ebd6-468c-b39f-5669acb259e1/providers/Microsoft.Authorization/policyDefinitions/allowed-locations-xauogv",
            "management_group_id": "",
            "metadata": "{\"category\":\"General\",\"createdBy\":\"492131b6-671b-43f1-ac1e-db6a26222569\",\"createdOn\":\"2025-12-10T14:19:22.3870773Z\",\"updatedBy\":null,\"updatedOn\":null}",
            "mode": "Indexed",
            "name": "allowed-locations-xauogv",
            "parameters": "",
            "policy_rule": "{\"if\":{\"not\":{\"field\":\"location\",\"in\":[\"koreacentral\",\"global\"]}},\"then\":{\"effect\":\"Deny\"}}",
            "policy_type": "Custom",
            "role_definition_ids": [],
            "timeouts": null
          },
          "sensitive_attributes": [],
          "identity_schema_version": 0,
          "private": "eyJlMmJmYjczMC1lY2FhLTExZTYtOGY4OC0zNDM2M2JjN2M0YzAiOnsiY3JlYXRlIjoxODAwMDAwMDAwMDAwLCJkZWxldGUiOjE4MDAwMDAwMDAwMDAsInJlYWQiOjMwMDAwMDAwMDAwMCwidXBkYXRlIjoxODAwMDAwMDAwMDAwfX0=",
          "dependencies": [
            "module.governance.random_string.policy_suffix"
          ],
          "create_before_destroy": true
        }
      ]
    },
    {
      "module": "module.governance",
      "mode": "managed",
      "type": "azurerm_policy_definition",
      "name": "secure_transfer",
      "provider": "provider[\"registry.terraform.io/hashicorp/azurerm\"]",
      "instances": [
        {
          "schema_version": 0,
          "attributes": {
            "description": "Force Secure Transfer Required to be set to true on Storage Accounts.",
            "display_name": "Secure Transfer Required (xauogv)",
            "id": "/subscriptions/99b79efe-ebd6-468c-b39f-5669acb259e1/providers/Microsoft.Authorization/policyDefinitions/secure-transfer-xauogv",
            "management_group_id": "",
            "metadata": "{\"category\":\"Storage\",\"createdBy\":\"492131b6-671b-43f1-ac1e-db6a26222569\",\"createdOn\":\"2025-12-10T14:19:22.1833484Z\",\"updatedBy\":null,\"updatedOn\":null}",
            "mode": "Indexed",
            "name": "secure-transfer-xauogv",
            "parameters": "",
            "policy_rule": "{\"if\":{\"allOf\":[{\"equals\":\"Microsoft.Storage/storageAccounts\",\"field\":\"type\"},{\"field\":\"Microsoft.Storage/storageAccounts/supportsHttpsTrafficOnly\",\"notEquals\":\"true\"}]},\"then\":{\"effect\":\"Deny\"}}",
            "policy_type": "Custom",
            "role_definition_ids": [],
            "timeouts": null
          },
          "sensitive_attributes": [],
          "identity_schema_version": 0,
          "private": "eyJlMmJmYjczMC1lY2FhLTExZTYtOGY4OC0zNDM2M2JjN2M0YzAiOnsiY3JlYXRlIjoxODAwMDAwMDAwMDAwLCJkZWxldGUiOjE4MDAwMDAwMDAwMDAsInJlYWQiOjMwMDAwMDAwMDAwMCwidXBkYXRlIjoxODAwMDAwMDAwMDAwfX0=",
          "dependencies": [
            "module.governance.random_string.policy_suffix"
          ],
          "create_before_destroy": true
        }
      ]
    },
    {
      "module": "module.governance",
      "mode": "managed",
      "type": "azurerm_resource_group_policy_assignment",
      "name": "allowed_locations",
      "provider": "provider[\"registry.terraform.io/hashicorp/azurerm\"]",
      "instances": [
        {
          "schema_version": 0,
          "attributes": {
            "description": "정책은 리소스를 한국 리전(Central, South)에만 배포하도록 제한합니다.",
            "display_name": "Allowed Locations - Korea Only",
            "enforce": true,
            "id": "/subscriptions/99b79efe-ebd6-468c-b39f-5669acb259e1/resourceGroups/04-t1-www/providers/Microsoft.Authorization/policyAssignments/allowed-locations",
            "identity": [],
            "location": "",
            "metadata": "{\"createdBy\":\"492131b6-671b-43f1-ac1e-db6a26222569\",\"createdOn\":\"2025-12-10T14:20:27.5107661Z\",\"updatedBy\":null,\"updatedOn\":null}",
            "name": "allowed-locations",
            "non_compliance_message": [],
            "not_scopes": [],
            "overrides": [],
            "parameters": "{\"listOfAllowedLocations\":{\"value\":[\"koreacentral\",\"koreasouth\"]}}",
            "policy_definition_id": "/providers/Microsoft.Authorization/policyDefinitions/e56962a6-4747-49cd-b67b-bf8b01975c4c",
            "resource_group_id": "/subscriptions/99b79efe-ebd6-468c-b39f-5669acb259e1/resourceGroups/04-t1-www",
            "resource_selectors": [],
            "timeouts": null
          },
          "sensitive_attributes": [],
          "identity_schema_version": 0,
          "private": "eyJlMmJmYjczMC1lY2FhLTExZTYtOGY4OC0zNDM2M2JjN2M0YzAiOnsiY3JlYXRlIjoxODAwMDAwMDAwMDAwLCJkZWxldGUiOjE4MDAwMDAwMDAwMDAsInJlYWQiOjMwMDAwMDAwMDAwMCwidXBkYXRlIjoxODAwMDAwMDAwMDAwfX0=",
          "dependencies": [
            "azurerm_resource_group.rg"
          ]
        }
      ]
    },
    {
      "module": "module.governance",
      "mode": "managed",
      "type": "azurerm_resource_group_policy_assignment",
      "name": "assign_allowed_locations",
      "provider": "provider[\"registry.terraform.io/hashicorp/azurerm\"]",
      "instances": [
        {
          "schema_version": 0,
          "attributes": {
            "description": "",
            "display_name": "",
            "enforce": true,
            "id": "/subscriptions/99b79efe-ebd6-468c-b39f-5669acb259e1/resourceGroups/04-t1-www/providers/Microsoft.Authorization/policyAssignments/assign-allowed-locations",
            "identity": [],
            "location": "",
            "metadata": "{\"createdBy\":\"492131b6-671b-43f1-ac1e-db6a26222569\",\"createdOn\":\"2025-12-10T14:22:51.9391206Z\",\"updatedBy\":null,\"updatedOn\":null}",
            "name": "assign-allowed-locations",
            "non_compliance_message": [],
            "not_scopes": [],
            "overrides": [],
            "parameters": "",
            "policy_definition_id": "/subscriptions/99b79efe-ebd6-468c-b39f-5669acb259e1/providers/Microsoft.Authorization/policyDefinitions/allowed-locations-xauogv",
            "resource_group_id": "/subscriptions/99b79efe-ebd6-468c-b39f-5669acb259e1/resourceGroups/04-t1-www",
            "resource_selectors": [],
            "timeouts": null
          },
          "sensitive_attributes": [],
          "identity_schema_version": 0,
          "private": "eyJlMmJmYjczMC1lY2FhLTExZTYtOGY4OC0zNDM2M2JjN2M0YzAiOnsiY3JlYXRlIjoxODAwMDAwMDAwMDAwLCJkZWxldGUiOjE4MDAwMDAwMDAwMDAsInJlYWQiOjMwMDAwMDAwMDAwMCwidXBkYXRlIjoxODAwMDAwMDAwMDAwfX0=",
          "dependencies": [
            "azurerm_resource_group.rg",
            "module.governance.azurerm_policy_definition.allowed_locations",
            "module.governance.data.azurerm_client_config.current",
            "module.governance.random_string.policy_suffix"
          ]
        }
      ]
    },
    {
      "module": "module.governance",
      "mode": "managed",
      "type": "azurerm_resource_group_policy_assignment",
      "name": "assign_secure_transfer",
      "provider": "provider[\"registry.terraform.io/hashicorp/azurerm\"]",
      "instances": [
        {
          "schema_version": 0,
          "attributes": {
            "description": "",
            "display_name": "",
            "enforce": true,
            "id": "/subscriptions/99b79efe-ebd6-468c-b39f-5669acb259e1/resourceGroups/04-t1-www/providers/Microsoft.Authorization/policyAssignments/assign-secure-transfer",
            "identity": [],
            "location": "",
            "metadata": "{\"createdBy\":\"492131b6-671b-43f1-ac1e-db6a26222569\",\"createdOn\":\"2025-12-10T14:22:51.6067015Z\",\"updatedBy\":null,\"updatedOn\":null}",
            "name": "assign-secure-transfer",
            "non_compliance_message": [],
            "not_scopes": [],
            "overrides": [],
            "parameters": "",
            "policy_definition_id": "/subscriptions/99b79efe-ebd6-468c-b39f-5669acb259e1/providers/Microsoft.Authorization/policyDefinitions/secure-transfer-xauogv",
            "resource_group_id": "/subscriptions/99b79efe-ebd6-468c-b39f-5669acb259e1/resourceGroups/04-t1-www",
            "resource_selectors": [],
            "timeouts": null
          },
          "sensitive_attributes": [],
          "identity_schema_version": 0,
          "private": "eyJlMmJmYjczMC1lY2FhLTExZTYtOGY4OC0zNDM2M2JjN2M0YzAiOnsiY3JlYXRlIjoxODAwMDAwMDAwMDAwLCJkZWxldGUiOjE4MDAwMDAwMDAwMDAsInJlYWQiOjMwMDAwMDAwMDAwMCwidXBkYXRlIjoxODAwMDAwMDAwMDAwfX0=",
          "dependencies": [
            "azurerm_resource_group.rg",
            "module.governance.azurerm_policy_definition.secure_transfer",
            "module.governance.data.azurerm_client_config.current",
            "module.governance.random_string.policy_suffix"
          ]
        }
      ]
    },
    {
      "module": "module.governance",
      "mode": "managed",
      "type": "azurerm_resource_group_policy_assignment",
      "name": "inherit_tag",
      "provider": "provider[\"registry.terraform.io/hashicorp/azurerm\"]",
      "instances": [
        {
          "schema_version": 0,
          "attributes": {
            "description": "리소스 그룹의 태그를 리소스가 상속받도록 합니다.",
            "display_name": "Inherit a tag from the resource group",
            "enforce": true,
            "id": "/subscriptions/99b79efe-ebd6-468c-b39f-5669acb259e1/resourceGroups/04-t1-www/providers/Microsoft.Authorization/policyAssignments/inherit-tag-env",
            "identity": [
              {
                "identity_ids": [],
                "principal_id": "fd4c713e-fc19-4d5b-8ac4-da97298e8307",
                "tenant_id": "548e9ef4-b1d5-48fa-b220-59f52d6db511",
                "type": "SystemAssigned"
              }
            ],
            "location": "koreacentral",
            "metadata": "{\"createdBy\":\"492131b6-671b-43f1-ac1e-db6a26222569\",\"createdOn\":\"2025-12-12T01:02:36.1914288Z\",\"updatedBy\":null,\"updatedOn\":null}",
            "name": "inherit-tag-env",
            "non_compliance_message": [],
            "not_scopes": [],
            "overrides": [],
            "parameters": "{\"tagName\":{\"value\":\"Environment\"}}",
            "policy_definition_id": "/providers/Microsoft.Authorization/policyDefinitions/cd3aa116-8754-49c9-a813-ad46512ece54",
            "resource_group_id": "/subscriptions/99b79efe-ebd6-468c-b39f-5669acb259e1/resourceGroups/04-t1-www",
            "resource_selectors": [],
            "timeouts": null
          },
          "sensitive_attributes": [],
          "identity_schema_version": 0,
          "private": "eyJlMmJmYjczMC1lY2FhLTExZTYtOGY4OC0zNDM2M2JjN2M0YzAiOnsiY3JlYXRlIjoxODAwMDAwMDAwMDAwLCJkZWxldGUiOjE4MDAwMDAwMDAwMDAsInJlYWQiOjMwMDAwMDAwMDAwMCwidXBkYXRlIjoxODAwMDAwMDAwMDAwfX0=",
          "dependencies": [
            "azurerm_resource_group.rg"
          ]
        }
      ]
    },
    {
      "module": "module.governance",
      "mode": "managed",
      "type": "azurerm_resource_group_policy_assignment",
      "name": "require_tag",
      "provider": "provider[\"registry.terraform.io/hashicorp/azurerm\"]",
      "instances": [
        {
          "schema_version": 0,
          "attributes": {
            "description": "리소스 그룹은 특정 태그가 필요합니다.",
            "display_name": "Require a tag on resource groups",
            "enforce": true,
            "id": "/subscriptions/99b79efe-ebd6-468c-b39f-5669acb259e1/resourceGroups/04-t1-www/providers/Microsoft.Authorization/policyAssignments/require-tag-env",
            "identity": [],
            "location": "",
            "metadata": "{\"createdBy\":\"492131b6-671b-43f1-ac1e-db6a26222569\",\"createdOn\":\"2025-12-10T14:20:23.2174734Z\",\"updatedBy\":null,\"updatedOn\":null}",
            "name": "require-tag-env",
            "non_compliance_message": [],
            "not_scopes": [],
            "overrides": [],
            "parameters": "{\"tagName\":{\"value\":\"Environment\"}}",
            "policy_definition_id": "/providers/Microsoft.Authorization/policyDefinitions/96670d01-0a4d-4649-9c89-2d3abc0a5025",
            "resource_group_id": "/subscriptions/99b79efe-ebd6-468c-b39f-5669acb259e1/resourceGroups/04-t1-www",
            "resource_selectors": [],
            "timeouts": null
          },
          "sensitive_attributes": [],
          "identity_schema_version": 0,
          "private": "eyJlMmJmYjczMC1lY2FhLTExZTYtOGY4OC0zNDM2M2JjN2M0YzAiOnsiY3JlYXRlIjoxODAwMDAwMDAwMDAwLCJkZWxldGUiOjE4MDAwMDAwMDAwMDAsInJlYWQiOjMwMDAwMDAwMDAwMCwidXBkYXRlIjoxODAwMDAwMDAwMDAwfX0=",
          "dependencies": [
            "azurerm_resource_group.rg"
          ]
        }
      ]
    },
    {
      "module": "module.governance",
      "mode": "managed",
      "type": "azurerm_resource_group_policy_assignment",
      "name": "sql_security_audit",
      "provider": "provider[\"registry.terraform.io/hashicorp/azurerm\"]",
      "instances": [
        {
          "schema_version": 0,
          "attributes": {
            "description": "SQL Server에 Azure AD 관리자가 프로비저닝되어 있는지 감사합니다.",
            "display_name": "An Azure Active Directory administrator should be provisioned for SQL servers",
            "enforce": true,
            "id": "/subscriptions/99b79efe-ebd6-468c-b39f-5669acb259e1/resourceGroups/04-t1-www/providers/Microsoft.Authorization/policyAssignments/sql-security-audit",
            "identity": [],
            "location": "",
            "metadata": "{\"createdBy\":\"492131b6-671b-43f1-ac1e-db6a26222569\",\"createdOn\":\"2025-12-12T00:32:42.1617211Z\",\"updatedBy\":null,\"updatedOn\":null}",
            "name": "sql-security-audit",
            "non_compliance_message": [],
            "not_scopes": [],
            "overrides": [],
            "parameters": "",
            "policy_definition_id": "/providers/Microsoft.Authorization/policyDefinitions/1f314764-cb73-4fc9-b863-8eca98ac36e9",
            "resource_group_id": "/subscriptions/99b79efe-ebd6-468c-b39f-5669acb259e1/resourceGroups/04-t1-www",
            "resource_selectors": [],
            "timeouts": null
          },
          "sensitive_attributes": [],
          "identity_schema_version": 0,
          "private": "eyJlMmJmYjczMC1lY2FhLTExZTYtOGY4OC0zNDM2M2JjN2M0YzAiOnsiY3JlYXRlIjoxODAwMDAwMDAwMDAwLCJkZWxldGUiOjE4MDAwMDAwMDAwMDAsInJlYWQiOjMwMDAwMDAwMDAwMCwidXBkYXRlIjoxODAwMDAwMDAwMDAwfX0=",
          "dependencies": [
            "azurerm_resource_group.rg"
          ]
        }
      ]
    },
    {
      "module": "module.governance",
      "mode": "managed",
      "type": "azurerm_resource_group_policy_assignment",
      "name": "storage_https_only",
      "provider": "provider[\"registry.terraform.io/hashicorp/azurerm\"]",
      "instances": [
        {
          "schema_version": 0,
          "attributes": {
            "description": "Storage Account는 HTTPS를 통해서만 액세스할 수 있어야 합니다.",
            "display_name": "Storage Accounts - Secure transfer required",
            "enforce": true,
            "id": "/subscriptions/99b79efe-ebd6-468c-b39f-5669acb259e1/resourceGroups/04-t1-www/providers/Microsoft.Authorization/policyAssignments/storage-https-only",
            "identity": [],
            "location": "",
            "metadata": "{\"createdBy\":\"492131b6-671b-43f1-ac1e-db6a26222569\",\"createdOn\":\"2025-12-10T14:20:14.8525355Z\",\"updatedBy\":null,\"updatedOn\":null}",
            "name": "storage-https-only",
            "non_compliance_message": [],
            "not_scopes": [],
            "overrides": [],
            "parameters": "",
            "policy_definition_id": "/providers/Microsoft.Authorization/policyDefinitions/404c3081-a854-4457-ae30-26a93ef643f9",
            "resource_group_id": "/subscriptions/99b79efe-ebd6-468c-b39f-5669acb259e1/resourceGroups/04-t1-www",
            "resource_selectors": [],
            "timeouts": null
          },
          "sensitive_attributes": [],
          "identity_schema_version": 0,
          "private": "eyJlMmJmYjczMC1lY2FhLTExZTYtOGY4OC0zNDM2M2JjN2M0YzAiOnsiY3JlYXRlIjoxODAwMDAwMDAwMDAwLCJkZWxldGUiOjE4MDAwMDAwMDAwMDAsInJlYWQiOjMwMDAwMDAwMDAwMCwidXBkYXRlIjoxODAwMDAwMDAwMDAwfX0=",
          "dependencies": [
            "azurerm_resource_group.rg"
          ]
        }
      ]
    },
    {
      "module": "module.governance",
      "mode": "managed",
      "type": "azurerm_resource_group_policy_assignment",
      "name": "subnet_nsg_required",
      "provider": "provider[\"registry.terraform.io/hashicorp/azurerm\"]",
      "instances": [
        {
          "schema_version": 0,
          "attributes": {
            "description": "정책은 NSG가 없는 서브넷을 감사합니다.",
            "display_name": "Subnets should have a Network Security Group",
            "enforce": true,
            "id": "/subscriptions/99b79efe-ebd6-468c-b39f-5669acb259e1/resourceGroups/04-t1-www/providers/Microsoft.Authorization/policyAssignments/subnet-nsg-required",
            "identity": [],
            "location": "",
            "metadata": "{\"createdBy\":\"492131b6-671b-43f1-ac1e-db6a26222569\",\"createdOn\":\"2025-12-10T14:20:22.1560379Z\",\"updatedBy\":null,\"updatedOn\":null}",
            "name": "subnet-nsg-required",
            "non_compliance_message": [],
            "not_scopes": [],
            "overrides": [],
            "parameters": "",
            "policy_definition_id": "/providers/Microsoft.Authorization/policyDefinitions/e71308d3-144b-4262-b144-efdc3cc90517",
            "resource_group_id": "/subscriptions/99b79efe-ebd6-468c-b39f-5669acb259e1/resourceGroups/04-t1-www",
            "resource_selectors": [],
            "timeouts": null
          },
          "sensitive_attributes": [],
          "identity_schema_version": 0,
          "private": "eyJlMmJmYjczMC1lY2FhLTExZTYtOGY4OC0zNDM2M2JjN2M0YzAiOnsiY3JlYXRlIjoxODAwMDAwMDAwMDAwLCJkZWxldGUiOjE4MDAwMDAwMDAwMDAsInJlYWQiOjMwMDAwMDAwMDAwMCwidXBkYXRlIjoxODAwMDAwMDAwMDAwfX0=",
          "dependencies": [
            "azurerm_resource_group.rg"
          ]
        }
      ]
    },
    {
      "module": "module.governance",
      "mode": "managed",
      "type": "azurerm_resource_group_policy_assignment",
      "name": "vm_managed_disk",
      "provider": "provider[\"registry.terraform.io/hashicorp/azurerm\"]",
      "instances": [
        {
          "schema_version": 0,
          "attributes": {
            "description": "정책은 관리 디스크를 사용하지 않는 VM을 감사합니다.",
            "display_name": "Audit VMs that do not use managed disks",
            "enforce": true,
            "id": "/subscriptions/99b79efe-ebd6-468c-b39f-5669acb259e1/resourceGroups/04-t1-www/providers/Microsoft.Authorization/policyAssignments/vm-managed-disk",
            "identity": [],
            "location": "",
            "metadata": "{\"createdBy\":\"492131b6-671b-43f1-ac1e-db6a26222569\",\"createdOn\":\"2025-12-10T14:20:32.7121299Z\",\"updatedBy\":null,\"updatedOn\":null}",
            "name": "vm-managed-disk",
            "non_compliance_message": [],
            "not_scopes": [],
            "overrides": [],
            "parameters": "",
            "policy_definition_id": "/providers/Microsoft.Authorization/policyDefinitions/06a78e20-9358-41c9-923c-fb736d382a4d",
            "resource_group_id": "/subscriptions/99b79efe-ebd6-468c-b39f-5669acb259e1/resourceGroups/04-t1-www",
            "resource_selectors": [],
            "timeouts": null
          },
          "sensitive_attributes": [],
          "identity_schema_version": 0,
          "private": "eyJlMmJmYjczMC1lY2FhLTExZTYtOGY4OC0zNDM2M2JjN2M0YzAiOnsiY3JlYXRlIjoxODAwMDAwMDAwMDAwLCJkZWxldGUiOjE4MDAwMDAwMDAwMDAsInJlYWQiOjMwMDAwMDAwMDAwMCwidXBkYXRlIjoxODAwMDAwMDAwMDAwfX0=",
          "dependencies": [
            "azurerm_resource_group.rg"
          ]
        }
      ]
    },
    {
      "module": "module.governance",
      "mode": "managed",
      "type": "random_string",
      "name": "policy_suffix",
      "provider": "provider[\"registry.terraform.io/hashicorp/random\"]",
      "instances": [
        {
          "schema_version": 2,
          "attributes": {
            "id": "xauogv",
            "keepers": null,
            "length": 6,
            "lower": true,
            "min_lower": 0,
            "min_numeric": 0,
            "min_special": 0,
            "min_upper": 0,
            "number": true,
            "numeric": true,
            "override_special": null,
            "result": "xauogv",
            "special": false,
            "upper": false
          },
          "sensitive_attributes": [],
          "identity_schema_version": 0,
          "create_before_destroy": true
        }
      ]
    },
    {
      "module": "module.hub",
      "mode": "managed",
      "type": "azurerm_bastion_host",
      "name": "hub_bastion",
      "provider": "provider[\"registry.terraform.io/hashicorp/azurerm\"]",
      "instances": [
        {
          "schema_version": 0,
          "attributes": {
            "copy_paste_enabled": true,
            "dns_name": "bst-aeecc80c-ad78-4b3f-94fe-7e1e7769228a.bastion.azure.com",
            "file_copy_enabled": true,
            "id": "/subscriptions/99b79efe-ebd6-468c-b39f-5669acb259e1/resourceGroups/04-t1-www/providers/Microsoft.Network/bastionHosts/hub-bastion",
            "ip_configuration": [
              {
                "name": "configuration",
                "public_ip_address_id": "/subscriptions/99b79efe-ebd6-468c-b39f-5669acb259e1/resourceGroups/04-t1-www/providers/Microsoft.Network/publicIPAddresses/hub-bastion-pip",
                "subnet_id": "/subscriptions/99b79efe-ebd6-468c-b39f-5669acb259e1/resourceGroups/04-t1-www/providers/Microsoft.Network/virtualNetworks/hub-vnet/subnets/AzureBastionSubnet"
              }
            ],
            "ip_connect_enabled": false,
            "kerberos_enabled": false,
            "location": "koreacentral",
            "name": "hub-bastion",
            "resource_group_name": "04-t1-www",
            "scale_units": 2,
            "session_recording_enabled": false,
            "shareable_link_enabled": false,
            "sku": "Standard",
            "tags": {
              "Environment": "Production",
              "ManagedBy": "Terraform",
              "Purpose": "Hub-Bastion"
            },
            "timeouts": null,
            "tunneling_enabled": true,
            "virtual_network_id": "",
            "zones": []
          },
          "sensitive_attributes": [],
          "identity_schema_version": 0,
          "identity": {
            "name": "hub-bastion",
            "resource_group_name": "04-t1-www",
            "subscription_id": "99b79efe-ebd6-468c-b39f-5669acb259e1"
          },
          "private": "eyJlMmJmYjczMC1lY2FhLTExZTYtOGY4OC0zNDM2M2JjN2M0YzAiOnsiY3JlYXRlIjoxODAwMDAwMDAwMDAwLCJkZWxldGUiOjE4MDAwMDAwMDAwMDAsInJlYWQiOjMwMDAwMDAwMDAwMCwidXBkYXRlIjoxODAwMDAwMDAwMDAwfX0=",
          "dependencies": [
            "azurerm_resource_group.rg",
            "module.hub.azurerm_public_ip.bastion_pip",
            "module.hub.azurerm_subnet.bastion_subnet",
            "module.hub.azurerm_virtual_network.hub_vnet"
          ]
        }
      ]
    },
    {
      "module": "module.hub",
      "mode": "managed",
      "type": "azurerm_firewall",
      "name": "hub_fw",
      "provider": "provider[\"registry.terraform.io/hashicorp/azurerm\"]",
      "instances": [
        {
          "schema_version": 0,
          "attributes": {
            "dns_proxy_enabled": false,
            "dns_servers": [],
            "firewall_policy_id": "/subscriptions/99b79efe-ebd6-468c-b39f-5669acb259e1/resourceGroups/04-t1-www/providers/Microsoft.Network/firewallPolicies/hub-fw-policy",
            "id": "/subscriptions/99b79efe-ebd6-468c-b39f-5669acb259e1/resourceGroups/04-t1-www/providers/Microsoft.Network/azureFirewalls/hub-firewall",
            "ip_configuration": [
              {
                "name": "configuration",
                "private_ip_address": "10.1.0.4",
                "public_ip_address_id": "/subscriptions/99b79efe-ebd6-468c-b39f-5669acb259e1/resourceGroups/04-t1-www/providers/Microsoft.Network/publicIPAddresses/hub-fw-pip",
                "subnet_id": "/subscriptions/99b79efe-ebd6-468c-b39f-5669acb259e1/resourceGroups/04-t1-www/providers/Microsoft.Network/virtualNetworks/hub-vnet/subnets/AzureFirewallSubnet"
              }
            ],
            "location": "koreacentral",
            "management_ip_configuration": [],
            "name": "hub-firewall",
            "private_ip_ranges": [],
            "resource_group_name": "04-t1-www",
            "sku_name": "AZFW_VNet",
            "sku_tier": "Standard",
            "tags": {
              "Environment": "Production",
              "ManagedBy": "Terraform",
              "Purpose": "Hub-Firewall"
            },
            "threat_intel_mode": "Alert",
            "timeouts": null,
            "virtual_hub": [],
            "zones": [
              "1",
              "2"
            ]
          },
          "sensitive_attributes": [],
          "identity_schema_version": 0,
          "identity": {
            "name": "hub-firewall",
            "resource_group_name": "04-t1-www",
            "subscription_id": "99b79efe-ebd6-468c-b39f-5669acb259e1"
          },
          "private": "eyJlMmJmYjczMC1lY2FhLTExZTYtOGY4OC0zNDM2M2JjN2M0YzAiOnsiY3JlYXRlIjo1NDAwMDAwMDAwMDAwLCJkZWxldGUiOjU0MDAwMDAwMDAwMDAsInJlYWQiOjMwMDAwMDAwMDAwMCwidXBkYXRlIjo1NDAwMDAwMDAwMDAwfX0=",
          "dependencies": [
            "azurerm_resource_group.rg",
            "module.hub.azurerm_firewall_policy.fw_policy",
            "module.hub.azurerm_public_ip.fw_pip",
            "module.hub.azurerm_subnet.fw_subnet",
            "module.hub.azurerm_virtual_network.hub_vnet"
          ]
        }
      ]
    },
    {
      "module": "module.hub",
      "mode": "managed",
      "type": "azurerm_firewall_policy",
      "name": "fw_policy",
      "provider": "provider[\"registry.terraform.io/hashicorp/azurerm\"]",
      "instances": [
        {
          "schema_version": 0,
          "attributes": {
            "auto_learn_private_ranges_enabled": false,
            "base_policy_id": "",
            "child_policies": [],
            "dns": [],
            "explicit_proxy": [],
            "firewalls": [
              "/subscriptions/99b79efe-ebd6-468c-b39f-5669acb259e1/resourceGroups/04-t1-www/providers/Microsoft.Network/azureFirewalls/hub-firewall"
            ],
            "id": "/subscriptions/99b79efe-ebd6-468c-b39f-5669acb259e1/resourceGroups/04-t1-www/providers/Microsoft.Network/firewallPolicies/hub-fw-policy",
            "identity": [],
            "insights": [],
            "intrusion_detection": [],
            "location": "koreacentral",
            "name": "hub-fw-policy",
            "private_ip_ranges": [],
            "resource_group_name": "04-t1-www",
            "rule_collection_groups": [
              "/subscriptions/99b79efe-ebd6-468c-b39f-5669acb259e1/resourceGroups/04-t1-www/providers/Microsoft.Network/firewallPolicies/hub-fw-policy/ruleCollectionGroups/hub-fw-policy-rcg",
              "/subscriptions/99b79efe-ebd6-468c-b39f-5669acb259e1/resourceGroups/04-t1-www/providers/Microsoft.Network/firewallPolicies/hub-fw-policy/ruleCollectionGroups/DefaultApplicationRuleCollectionGroup"
            ],
            "sku": "Standard",
            "sql_redirect_allowed": null,
            "tags": {},
            "threat_intelligence_allowlist": [],
            "threat_intelligence_mode": "Alert",
            "timeouts": null,
            "tls_certificate": []
          },
          "sensitive_attributes": [],
          "identity_schema_version": 0,
          "identity": {
            "name": "hub-fw-policy",
            "resource_group_name": "04-t1-www",
            "subscription_id": "99b79efe-ebd6-468c-b39f-5669acb259e1"
          },
          "private": "eyJlMmJmYjczMC1lY2FhLTExZTYtOGY4OC0zNDM2M2JjN2M0YzAiOnsiY3JlYXRlIjoxODAwMDAwMDAwMDAwLCJkZWxldGUiOjE4MDAwMDAwMDAwMDAsInJlYWQiOjMwMDAwMDAwMDAwMCwidXBkYXRlIjoxODAwMDAwMDAwMDAwfX0=",
          "dependencies": [
            "azurerm_resource_group.rg"
          ]
        }
      ]
    },
    {
      "module": "module.hub",
      "mode": "managed",
      "type": "azurerm_firewall_policy_rule_collection_group",
      "name": "fw_policy_rcg",
      "provider": "provider[\"registry.terraform.io/hashicorp/azurerm\"]",
      "instances": [
        {
          "schema_version": 0,
          "attributes": {
            "application_rule_collection": [
              {
                "action": "Allow",
                "name": "app_rules",
                "priority": 100,
                "rule": [
                  {
                    "description": "",
                    "destination_addresses": [],
                    "destination_fqdn_tags": [],
                    "destination_fqdns": [
                      "*.update.microsoft.com",
                      "*.windowsupdate.com",
                      "packages.microsoft.com",
                      "acs-mirror.azureedge.net"
                    ],
                    "destination_urls": [],
                    "http_headers": [],
                    "name": "Allow-Windows-Update",
                    "protocols": [
                      {
                        "port": 80,
                        "type": "Http"
                      },
                      {
                        "port": 443,
                        "type": "Https"
                      }
                    ],
                    "source_addresses": [
                      "*"
                    ],
                    "source_ip_groups": [],
                    "terminate_tls": false,
                    "web_categories": []
                  },
                  {
                    "description": "",
                    "destination_addresses": [],
                    "destination_fqdn_tags": [],
                    "destination_fqdns": [
                      "*.rockylinux.org",
                      "download.rockylinux.org",
                      "*.remirepo.net",
                      "rpms.remirepo.net",
                      "cdn.remirepo.net",
                      "*.fedoraproject.org",
                      "mirrors.fedoraproject.org",
                      "dl.fedoraproject.org",
                      "*.ubuntu.com",
                      "security.ubuntu.com",
                      "azure.archive.ubuntu.com",
                      "changelogs.ubuntu.com",
                      "ppa.launchpadcontent.net",
                      "*.centos.org",
                      "mirror.centos.org",
                      "vault.centos.org",
                      "*.cloudflare.com",
                      "*.akamai.net",
                      "*.fastly.net",
                      "*.amazonaws.com",
                      "mirror.kakao.com",
                      "*.kakao.com",
                      "ftp.kaist.ac.kr",
                      "ftp.jaist.ac.jp",
                      "*.ac.jp",
                      "*.ac.kr",
                      "*.edu.cn",
                      "*.riken.jp"
                    ],
                    "destination_urls": [],
                    "http_headers": [],
                    "name": "Allow-Package-Repos",
                    "protocols": [
                      {
                        "port": 80,
                        "type": "Http"
                      },
                      {
                        "port": 443,
                        "type": "Https"
                      }
                    ],
                    "source_addresses": [
                      "*"
                    ],
                    "source_ip_groups": [],
                    "terminate_tls": false,
                    "web_categories": []
                  },
                  {
                    "description": "",
                    "destination_addresses": [],
                    "destination_fqdn_tags": [],
                    "destination_fqdns": [
                      "github.com",
                      "*.github.com",
                      "objects.githubusercontent.com",
                      "raw.githubusercontent.com",
                      "*.githubassets.com",
                      "github-releases.githubusercontent.com",
                      "github-cloud.s3.amazonaws.com",
                      "*.s3.amazonaws.com",
                      "release-assets.githubusercontent.com",
                      "*.githubusercontent.com",
                      "*.digicert.com",
                      "cacerts.digicert.com",
                      "*.jsdelivr.net",
                      "cdn.jsdelivr.net",
                      "*.unsplash.com",
                      "images.unsplash.com",
                      "packages.microsoft.com",
                      "*.microsoft.com"
                    ],
                    "destination_urls": [],
                    "http_headers": [],
                    "name": "Allow-Dev-Tools",
                    "protocols": [
                      {
                        "port": 443,
                        "type": "Https"
                      }
                    ],
                    "source_addresses": [
                      "*"
                    ],
                    "source_ip_groups": [],
                    "terminate_tls": false,
                    "web_categories": []
                  },
                  {
                    "description": "",
                    "destination_addresses": [],
                    "destination_fqdn_tags": [],
                    "destination_fqdns": [
                      "management.azure.com",
                      "login.microsoftonline.com",
                      "graph.microsoft.com"
                    ],
                    "destination_urls": [],
                    "http_headers": [],
                    "name": "Allow-Azure-Services",
                    "protocols": [
                      {
                        "port": 443,
                        "type": "Https"
                      }
                    ],
                    "source_addresses": [
                      "*"
                    ],
                    "source_ip_groups": [],
                    "terminate_tls": false,
                    "web_categories": []
                  },
                  {
                    "description": "",
                    "destination_addresses": [],
                    "destination_fqdn_tags": [],
                    "destination_fqdns": [
                      "api.snapcraft.io",
                      "*.snapcraft.io",
                      "*.letsencrypt.org",
                      "zerossl.com",
                      "acme-v02.api.letsencrypt.org",
                      "fonts.googleapis.com",
                      "fonts.gstatic.com",
                      "get.acme.sh",
                      "*.acme.sh"
                    ],
                    "destination_urls": [],
                    "http_headers": [],
                    "name": "Allow-Misc-Services",
                    "protocols": [
                      {
                        "port": 80,
                        "type": "Http"
                      },
                      {
                        "port": 443,
                        "type": "Https"
                      }
                    ],
                    "source_addresses": [
                      "*"
                    ],
                    "source_ip_groups": [],
                    "terminate_tls": false,
                    "web_categories": []
                  }
                ]
              }
            ],
            "firewall_policy_id": "/subscriptions/99b79efe-ebd6-468c-b39f-5669acb259e1/resourceGroups/04-t1-www/providers/Microsoft.Network/firewallPolicies/hub-fw-policy",
            "id": "/subscriptions/99b79efe-ebd6-468c-b39f-5669acb259e1/resourceGroups/04-t1-www/providers/Microsoft.Network/firewallPolicies/hub-fw-policy/ruleCollectionGroups/hub-fw-policy-rcg",
            "name": "hub-fw-policy-rcg",
            "nat_rule_collection": [],
            "network_rule_collection": [
              {
                "action": "Allow",
                "name": "network_rules",
                "priority": 200,
                "rule": [
                  {
                    "description": "",
                    "destination_addresses": [
                      "*"
                    ],
                    "destination_fqdns": [],
                    "destination_ip_groups": [],
                    "destination_ports": [
                      "53"
                    ],
                    "name": "Allow-DNS",
                    "protocols": [
                      "UDP",
                      "TCP"
                    ],
                    "source_addresses": [
                      "*"
                    ],
                    "source_ip_groups": []
                  },
                  {
                    "description": "",
                    "destination_addresses": [
                      "*"
                    ],
                    "destination_fqdns": [],
                    "destination_ip_groups": [],
                    "destination_ports": [
                      "123"
                    ],
                    "name": "Allow-NTP",
                    "protocols": [
                      "UDP"
                    ],
                    "source_addresses": [
                      "*"
                    ],
                    "source_ip_groups": []
                  },
                  {
                    "description": "",
                    "destination_addresses": [
                      "*"
                    ],
                    "destination_fqdns": [],
                    "destination_ip_groups": [],
                    "destination_ports": [
                      "3306"
                    ],
                    "name": "Allow-MySQL",
                    "protocols": [
                      "TCP"
                    ],
                    "source_addresses": [
                      "*"
                    ],
                    "source_ip_groups": []
                  },
                  {
                    "description": "",
                    "destination_addresses": [
                      "*"
                    ],
                    "destination_fqdns": [],
                    "destination_ip_groups": [],
                    "destination_ports": [
                      "6379",
                      "6380"
                    ],
                    "name": "Allow-Redis",
                    "protocols": [
                      "TCP"
                    ],
                    "source_addresses": [
                      "*"
                    ],
                    "source_ip_groups": []
                  }
                ]
              }
            ],
            "priority": 100,
            "timeouts": null
          },
          "sensitive_attributes": [],
          "identity_schema_version": 0,
          "private": "eyJlMmJmYjczMC1lY2FhLTExZTYtOGY4OC0zNDM2M2JjN2M0YzAiOnsiY3JlYXRlIjoxODAwMDAwMDAwMDAwLCJkZWxldGUiOjE4MDAwMDAwMDAwMDAsInJlYWQiOjMwMDAwMDAwMDAwMCwidXBkYXRlIjoxODAwMDAwMDAwMDAwfX0=",
          "dependencies": [
            "azurerm_resource_group.rg",
            "module.hub.azurerm_firewall_policy.fw_policy"
          ]
        }
      ]
    },
    {
      "module": "module.hub",
      "mode": "managed",
      "type": "azurerm_monitor_diagnostic_setting",
      "name": "fw_diag",
      "provider": "provider[\"registry.terraform.io/hashicorp/azurerm\"]",
      "instances": [
        {
          "schema_version": 0,
          "attributes": {
            "enabled_log": [
              {
                "category": "AzureFirewallApplicationRule",
                "category_group": "",
                "retention_policy": [
                  {
                    "days": 0,
                    "enabled": false
                  }
                ]
              },
              {
                "category": "AzureFirewallDnsProxy",
                "category_group": "",
                "retention_policy": [
                  {
                    "days": 0,
                    "enabled": false
                  }
                ]
              },
              {
                "category": "AzureFirewallNetworkRule",
                "category_group": "",
                "retention_policy": [
                  {
                    "days": 0,
                    "enabled": false
                  }
                ]
              }
            ],
            "enabled_metric": [],
            "eventhub_authorization_rule_id": "",
            "eventhub_name": "",
            "id": "/subscriptions/99b79efe-ebd6-468c-b39f-5669acb259e1/resourceGroups/04-t1-www/providers/Microsoft.Network/azureFirewalls/hub-firewall|hub-fw-diag",
            "log_analytics_destination_type": "Dedicated",
            "log_analytics_workspace_id": "/subscriptions/99b79efe-ebd6-468c-b39f-5669acb259e1/resourceGroups/04-t1-www/providers/Microsoft.OperationalInsights/workspaces/www-law",
            "metric": [
              {
                "category": "AllMetrics",
                "enabled": false,
                "retention_policy": [
                  {
                    "days": 0,
                    "enabled": false
                  }
                ]
              }
            ],
            "name": "hub-fw-diag",
            "partner_solution_id": null,
            "storage_account_id": null,
            "target_resource_id": "/subscriptions/99b79efe-ebd6-468c-b39f-5669acb259e1/resourceGroups/04-t1-www/providers/Microsoft.Network/azureFirewalls/hub-firewall",
            "timeouts": null
          },
          "sensitive_attributes": [],
          "identity_schema_version": 0,
          "private": "eyJlMmJmYjczMC1lY2FhLTExZTYtOGY4OC0zNDM2M2JjN2M0YzAiOnsiY3JlYXRlIjoxODAwMDAwMDAwMDAwLCJkZWxldGUiOjM2MDAwMDAwMDAwMDAsInJlYWQiOjMwMDAwMDAwMDAwMCwidXBkYXRlIjoxODAwMDAwMDAwMDAwfX0=",
          "dependencies": [
            "azurerm_resource_group.rg",
            "module.hub.azurerm_firewall.hub_fw",
            "module.hub.azurerm_firewall_policy.fw_policy",
            "module.hub.azurerm_public_ip.fw_pip",
            "module.hub.azurerm_subnet.fw_subnet",
            "module.hub.azurerm_virtual_network.hub_vnet",
            "module.security.azurerm_log_analytics_workspace.law"
          ]
        }
      ]
    },
    {
      "module": "module.hub",
      "mode": "managed",
      "type": "azurerm_public_ip",
      "name": "bastion_pip",
      "provider": "provider[\"registry.terraform.io/hashicorp/azurerm\"]",
      "instances": [
        {
          "schema_version": 0,
          "attributes": {
            "allocation_method": "Static",
            "ddos_protection_mode": "VirtualNetworkInherited",
            "ddos_protection_plan_id": null,
            "domain_name_label": null,
            "domain_name_label_scope": null,
            "edge_zone": "",
            "fqdn": null,
            "id": "/subscriptions/99b79efe-ebd6-468c-b39f-5669acb259e1/resourceGroups/04-t1-www/providers/Microsoft.Network/publicIPAddresses/hub-bastion-pip",
            "idle_timeout_in_minutes": 4,
            "ip_address": "20.41.75.145",
            "ip_tags": {},
            "ip_version": "IPv4",
            "location": "koreacentral",
            "name": "hub-bastion-pip",
            "public_ip_prefix_id": null,
            "resource_group_name": "04-t1-www",
            "reverse_fqdn": null,
            "sku": "Standard",
            "sku_tier": "Regional",
            "tags": {},
            "timeouts": null,
            "zones": []
          },
          "sensitive_attributes": [],
          "identity_schema_version": 0,
          "private": "eyJlMmJmYjczMC1lY2FhLTExZTYtOGY4OC0zNDM2M2JjN2M0YzAiOnsiY3JlYXRlIjoxODAwMDAwMDAwMDAwLCJkZWxldGUiOjE4MDAwMDAwMDAwMDAsInJlYWQiOjMwMDAwMDAwMDAwMCwidXBkYXRlIjoxODAwMDAwMDAwMDAwfX0=",
          "dependencies": [
            "azurerm_resource_group.rg"
          ]
        }
      ]
    },
    {
      "module": "module.hub",
      "mode": "managed",
      "type": "azurerm_public_ip",
      "name": "fw_pip",
      "provider": "provider[\"registry.terraform.io/hashicorp/azurerm\"]",
      "instances": [
        {
          "schema_version": 0,
          "attributes": {
            "allocation_method": "Static",
            "ddos_protection_mode": "VirtualNetworkInherited",
            "ddos_protection_plan_id": null,
            "domain_name_label": null,
            "domain_name_label_scope": null,
            "edge_zone": "",
            "fqdn": null,
            "id": "/subscriptions/99b79efe-ebd6-468c-b39f-5669acb259e1/resourceGroups/04-t1-www/providers/Microsoft.Network/publicIPAddresses/hub-fw-pip",
            "idle_timeout_in_minutes": 4,
            "ip_address": "4.230.84.229",
            "ip_tags": {},
            "ip_version": "IPv4",
            "location": "koreacentral",
            "name": "hub-fw-pip",
            "public_ip_prefix_id": null,
            "resource_group_name": "04-t1-www",
            "reverse_fqdn": null,
            "sku": "Standard",
            "sku_tier": "Regional",
            "tags": {
              "Environment": "Production",
              "ManagedBy": "Terraform",
              "Purpose": "Firewall-PIP"
            },
            "timeouts": null,
            "zones": [
              "1",
              "2",
              "3"
            ]
          },
          "sensitive_attributes": [],
          "identity_schema_version": 0,
          "private": "eyJlMmJmYjczMC1lY2FhLTExZTYtOGY4OC0zNDM2M2JjN2M0YzAiOnsiY3JlYXRlIjoxODAwMDAwMDAwMDAwLCJkZWxldGUiOjE4MDAwMDAwMDAwMDAsInJlYWQiOjMwMDAwMDAwMDAwMCwidXBkYXRlIjoxODAwMDAwMDAwMDAwfX0=",
          "dependencies": [
            "azurerm_resource_group.rg"
          ]
        }
      ]
    },
    {
      "module": "module.hub",
      "mode": "managed",
      "type": "azurerm_subnet",
      "name": "bastion_subnet",
      "provider": "provider[\"registry.terraform.io/hashicorp/azurerm\"]",
      "instances": [
        {
          "schema_version": 0,
          "attributes": {
            "address_prefixes": [
              "10.1.1.0/24"
            ],
            "default_outbound_access_enabled": true,
            "delegation": [],
            "id": "/subscriptions/99b79efe-ebd6-468c-b39f-5669acb259e1/resourceGroups/04-t1-www/providers/Microsoft.Network/virtualNetworks/hub-vnet/subnets/AzureBastionSubnet",
            "ip_address_pool": [],
            "name": "AzureBastionSubnet",
            "private_endpoint_network_policies": "Disabled",
            "private_link_service_network_policies_enabled": true,
            "resource_group_name": "04-t1-www",
            "service_endpoint_policy_ids": [],
            "service_endpoints": [],
            "sharing_scope": "",
            "timeouts": null,
            "virtual_network_name": "hub-vnet"
          },
          "sensitive_attributes": [],
          "identity_schema_version": 0,
          "identity": {
            "name": "AzureBastionSubnet",
            "resource_group_name": "04-t1-www",
            "subscription_id": "99b79efe-ebd6-468c-b39f-5669acb259e1",
            "virtual_network_name": "hub-vnet"
          },
          "private": "eyJlMmJmYjczMC1lY2FhLTExZTYtOGY4OC0zNDM2M2JjN2M0YzAiOnsiY3JlYXRlIjoxODAwMDAwMDAwMDAwLCJkZWxldGUiOjE4MDAwMDAwMDAwMDAsInJlYWQiOjMwMDAwMDAwMDAwMCwidXBkYXRlIjoxODAwMDAwMDAwMDAwfX0=",
          "dependencies": [
            "azurerm_resource_group.rg",
            "module.hub.azurerm_virtual_network.hub_vnet"
          ]
        }
      ]
    },
    {
      "module": "module.hub",
      "mode": "managed",
      "type": "azurerm_subnet",
      "name": "fw_subnet",
      "provider": "provider[\"registry.terraform.io/hashicorp/azurerm\"]",
      "instances": [
        {
          "schema_version": 0,
          "attributes": {
            "address_prefixes": [
              "10.1.0.0/24"
            ],
            "default_outbound_access_enabled": true,
            "delegation": [],
            "id": "/subscriptions/99b79efe-ebd6-468c-b39f-5669acb259e1/resourceGroups/04-t1-www/providers/Microsoft.Network/virtualNetworks/hub-vnet/subnets/AzureFirewallSubnet",
            "ip_address_pool": [],
            "name": "AzureFirewallSubnet",
            "private_endpoint_network_policies": "Disabled",
            "private_link_service_network_policies_enabled": true,
            "resource_group_name": "04-t1-www",
            "service_endpoint_policy_ids": [],
            "service_endpoints": [],
            "sharing_scope": "",
            "timeouts": null,
            "virtual_network_name": "hub-vnet"
          },
          "sensitive_attributes": [],
          "identity_schema_version": 0,
          "identity": {
            "name": "AzureFirewallSubnet",
            "resource_group_name": "04-t1-www",
            "subscription_id": "99b79efe-ebd6-468c-b39f-5669acb259e1",
            "virtual_network_name": "hub-vnet"
          },
          "private": "eyJlMmJmYjczMC1lY2FhLTExZTYtOGY4OC0zNDM2M2JjN2M0YzAiOnsiY3JlYXRlIjoxODAwMDAwMDAwMDAwLCJkZWxldGUiOjE4MDAwMDAwMDAwMDAsInJlYWQiOjMwMDAwMDAwMDAwMCwidXBkYXRlIjoxODAwMDAwMDAwMDAwfX0=",
          "dependencies": [
            "azurerm_resource_group.rg",
            "module.hub.azurerm_virtual_network.hub_vnet"
          ]
        }
      ]
    },
    {
      "module": "module.hub",
      "mode": "managed",
      "type": "azurerm_subnet",
      "name": "gateway_subnet",
      "provider": "provider[\"registry.terraform.io/hashicorp/azurerm\"]",
      "instances": [
        {
          "schema_version": 0,
          "attributes": {
            "address_prefixes": [
              "10.1.2.0/24"
            ],
            "default_outbound_access_enabled": true,
            "delegation": [],
            "id": "/subscriptions/99b79efe-ebd6-468c-b39f-5669acb259e1/resourceGroups/04-t1-www/providers/Microsoft.Network/virtualNetworks/hub-vnet/subnets/GatewaySubnet",
            "ip_address_pool": [],
            "name": "GatewaySubnet",
            "private_endpoint_network_policies": "Disabled",
            "private_link_service_network_policies_enabled": true,
            "resource_group_name": "04-t1-www",
            "service_endpoint_policy_ids": [],
            "service_endpoints": [],
            "sharing_scope": "",
            "timeouts": null,
            "virtual_network_name": "hub-vnet"
          },
          "sensitive_attributes": [],
          "identity_schema_version": 0,
          "identity": {
            "name": "GatewaySubnet",
            "resource_group_name": "04-t1-www",
            "subscription_id": "99b79efe-ebd6-468c-b39f-5669acb259e1",
            "virtual_network_name": "hub-vnet"
          },
          "private": "eyJlMmJmYjczMC1lY2FhLTExZTYtOGY4OC0zNDM2M2JjN2M0YzAiOnsiY3JlYXRlIjoxODAwMDAwMDAwMDAwLCJkZWxldGUiOjE4MDAwMDAwMDAwMDAsInJlYWQiOjMwMDAwMDAwMDAwMCwidXBkYXRlIjoxODAwMDAwMDAwMDAwfX0=",
          "dependencies": [
            "azurerm_resource_group.rg",
            "module.hub.azurerm_virtual_network.hub_vnet"
          ]
        }
      ]
    },
    {
      "module": "module.hub",
      "mode": "managed",
      "type": "azurerm_virtual_network",
      "name": "hub_vnet",
      "provider": "provider[\"registry.terraform.io/hashicorp/azurerm\"]",
      "instances": [
        {
          "schema_version": 0,
          "attributes": {
            "address_space": [
              "10.1.0.0/16"
            ],
            "bgp_community": "",
            "ddos_protection_plan": [],
            "dns_servers": [],
            "edge_zone": "",
            "encryption": [],
            "flow_timeout_in_minutes": 0,
            "guid": "dbea848f-9de9-4ed3-993d-82eb488bea42",
            "id": "/subscriptions/99b79efe-ebd6-468c-b39f-5669acb259e1/resourceGroups/04-t1-www/providers/Microsoft.Network/virtualNetworks/hub-vnet",
            "ip_address_pool": [],
            "location": "koreacentral",
            "name": "hub-vnet",
            "private_endpoint_vnet_policies": "Disabled",
            "resource_group_name": "04-t1-www",
            "subnet": [
              {
                "address_prefixes": [
                  "10.1.0.0/24"
                ],
                "default_outbound_access_enabled": true,
                "delegation": [],
                "id": "/subscriptions/99b79efe-ebd6-468c-b39f-5669acb259e1/resourceGroups/04-t1-www/providers/Microsoft.Network/virtualNetworks/hub-vnet/subnets/AzureFirewallSubnet",
                "name": "AzureFirewallSubnet",
                "private_endpoint_network_policies": "Disabled",
                "private_link_service_network_policies_enabled": true,
                "route_table_id": "",
                "security_group": "",
                "service_endpoint_policy_ids": [],
                "service_endpoints": []
              },
              {
                "address_prefixes": [
                  "10.1.1.0/24"
                ],
                "default_outbound_access_enabled": true,
                "delegation": [],
                "id": "/subscriptions/99b79efe-ebd6-468c-b39f-5669acb259e1/resourceGroups/04-t1-www/providers/Microsoft.Network/virtualNetworks/hub-vnet/subnets/AzureBastionSubnet",
                "name": "AzureBastionSubnet",
                "private_endpoint_network_policies": "Disabled",
                "private_link_service_network_policies_enabled": true,
                "route_table_id": "",
                "security_group": "/subscriptions/99b79efe-ebd6-468c-b39f-5669acb259e1/resourceGroups/04-t1-www/providers/Microsoft.Network/networkSecurityGroups/hub-nsg-bastion",
                "service_endpoint_policy_ids": [],
                "service_endpoints": []
              },
              {
                "address_prefixes": [
                  "10.1.2.0/24"
                ],
                "default_outbound_access_enabled": true,
                "delegation": [],
                "id": "/subscriptions/99b79efe-ebd6-468c-b39f-5669acb259e1/resourceGroups/04-t1-www/providers/Microsoft.Network/virtualNetworks/hub-vnet/subnets/GatewaySubnet",
                "name": "GatewaySubnet",
                "private_endpoint_network_policies": "Disabled",
                "private_link_service_network_policies_enabled": true,
                "route_table_id": "",
                "security_group": "",
                "service_endpoint_policy_ids": [],
                "service_endpoints": []
              }
            ],
            "tags": {
              "Environment": "Production",
              "ManagedBy": "Terraform",
              "Purpose": "Hub-Network"
            },
            "timeouts": null
          },
          "sensitive_attributes": [],
          "identity_schema_version": 0,
          "identity": {
            "name": "hub-vnet",
            "resource_group_name": "04-t1-www",
            "subscription_id": "99b79efe-ebd6-468c-b39f-5669acb259e1"
          },
          "private": "eyJlMmJmYjczMC1lY2FhLTExZTYtOGY4OC0zNDM2M2JjN2M0YzAiOnsiY3JlYXRlIjoxODAwMDAwMDAwMDAwLCJkZWxldGUiOjE4MDAwMDAwMDAwMDAsInJlYWQiOjMwMDAwMDAwMDAwMCwidXBkYXRlIjoxODAwMDAwMDAwMDAwfX0=",
          "dependencies": [
            "azurerm_resource_group.rg"
          ]
        }
      ]
    },
    {
      "module": "module.identity",
      "mode": "data",
      "type": "azuread_user",
      "name": "arch_reviewer",
      "provider": "provider[\"registry.terraform.io/hashicorp/azuread\"]",
      "instances": [
        {
          "schema_version": 0,
          "attributes": {
            "account_enabled": true,
            "age_group": "",
            "business_phones": [],
            "city": "",
            "company_name": "",
            "consent_provided_for_minor": "",
            "cost_center": null,
            "country": "",
            "creation_type": "",
            "department": "",
            "display_name": "이하연",
            "division": null,
            "employee_id": "",
            "employee_type": "",
            "external_user_state": "",
            "fax_number": "",
            "given_name": "",
            "id": "459480bc-f44e-4582-8c98-71fa3d881811",
            "im_addresses": [],
            "job_title": "",
            "mail": "",
            "mail_nickname": "student424",
            "manager_id": "",
            "mobile_phone": "",
            "object_id": "459480bc-f44e-4582-8c98-71fa3d881811",
            "office_location": "",
            "onpremises_distinguished_name": "",
            "onpremises_domain_name": "",
            "onpremises_immutable_id": "",
            "onpremises_sam_account_name": "",
            "onpremises_security_identifier": "",
            "onpremises_sync_enabled": false,
            "onpremises_user_principal_name": "",
            "other_mails": [],
            "postal_code": "",
            "preferred_language": "",
            "proxy_addresses": [],
            "show_in_address_list": false,
            "state": "",
            "street_address": "",
            "surname": "",
            "timeouts": null,
            "usage_location": "",
            "user_principal_name": "student424@mscsschool.onmicrosoft.com",
            "user_type": "Member"
          },
          "sensitive_attributes": [
            [
              {
                "type": "get_attr",
                "value": "user_principal_name"
              }
            ]
          ],
          "identity_schema_version": 0
        }
      ]
    },
    {
      "module": "module.identity",
      "mode": "data",
      "type": "azuread_user",
      "name": "pm",
      "provider": "provider[\"registry.terraform.io/hashicorp/azuread\"]",
      "instances": [
        {
          "schema_version": 0,
          "attributes": {
            "account_enabled": true,
            "age_group": "",
            "business_phones": [],
            "city": "",
            "company_name": "",
            "consent_provided_for_minor": "",
            "cost_center": null,
            "country": "",
            "creation_type": "",
            "department": "",
            "display_name": "이두경",
            "division": null,
            "employee_id": "",
            "employee_type": "",
            "external_user_state": "",
            "fax_number": "",
            "given_name": "",
            "id": "492131b6-671b-43f1-ac1e-db6a26222569",
            "im_addresses": [],
            "job_title": "",
            "mail": "",
            "mail_nickname": "student421",
            "manager_id": "",
            "mobile_phone": "",
            "object_id": "492131b6-671b-43f1-ac1e-db6a26222569",
            "office_location": "",
            "onpremises_distinguished_name": "",
            "onpremises_domain_name": "",
            "onpremises_immutable_id": "",
            "onpremises_sam_account_name": "",
            "onpremises_security_identifier": "",
            "onpremises_sync_enabled": false,
            "onpremises_user_principal_name": "",
            "other_mails": [],
            "postal_code": "",
            "preferred_language": "",
            "proxy_addresses": [],
            "show_in_address_list": false,
            "state": "",
            "street_address": "",
            "surname": "",
            "timeouts": null,
            "usage_location": "",
            "user_principal_name": "student421@mscsschool.onmicrosoft.com",
            "user_type": "Member"
          },
          "sensitive_attributes": [
            [
              {
                "type": "get_attr",
                "value": "user_principal_name"
              }
            ]
          ],
          "identity_schema_version": 0
        }
      ]
    },
    {
      "module": "module.identity",
      "mode": "data",
      "type": "azuread_user",
      "name": "sec_external",
      "provider": "provider[\"registry.terraform.io/hashicorp/azuread\"]",
      "instances": [
        {
          "schema_version": 0,
          "attributes": {
            "account_enabled": true,
            "age_group": "",
            "business_phones": [],
            "city": "",
            "company_name": "",
            "consent_provided_for_minor": "",
            "cost_center": null,
            "country": "",
            "creation_type": "",
            "department": "",
            "display_name": "배하영",
            "division": null,
            "employee_id": "",
            "employee_type": "",
            "external_user_state": "",
            "fax_number": "",
            "given_name": "",
            "id": "5a54cace-68ce-40f1-b485-b32a226e50e5",
            "im_addresses": [],
            "job_title": "",
            "mail": "",
            "mail_nickname": "student11",
            "manager_id": "",
            "mobile_phone": "",
            "object_id": "5a54cace-68ce-40f1-b485-b32a226e50e5",
            "office_location": "",
            "onpremises_distinguished_name": "",
            "onpremises_domain_name": "",
            "onpremises_immutable_id": "",
            "onpremises_sam_account_name": "",
            "onpremises_security_identifier": "",
            "onpremises_sync_enabled": false,
            "onpremises_user_principal_name": "",
            "other_mails": [],
            "postal_code": "",
            "preferred_language": "",
            "proxy_addresses": [],
            "show_in_address_list": false,
            "state": "",
            "street_address": "",
            "surname": "",
            "timeouts": null,
            "usage_location": "",
            "user_principal_name": "student411@mscsschool.onmicrosoft.com",
            "user_type": "Member"
          },
          "sensitive_attributes": [
            [
              {
                "type": "get_attr",
                "value": "user_principal_name"
              }
            ]
          ],
          "identity_schema_version": 0
        }
      ]
    },
    {
      "module": "module.identity",
      "mode": "data",
      "type": "azuread_user",
      "name": "sec_external2",
      "provider": "provider[\"registry.terraform.io/hashicorp/azuread\"]",
      "instances": [
        {
          "schema_version": 0,
          "attributes": {
            "account_enabled": true,
            "age_group": "",
            "business_phones": [],
            "city": "",
            "company_name": "",
            "consent_provided_for_minor": "",
            "cost_center": null,
            "country": "",
            "creation_type": "",
            "department": "",
            "display_name": "정현지",
            "division": null,
            "employee_id": "",
            "employee_type": "",
            "external_user_state": "",
            "fax_number": "",
            "given_name": "",
            "id": "b9d57093-411e-4141-b5a5-faf01b0edd17",
            "im_addresses": [],
            "job_title": "",
            "mail": "",
            "mail_nickname": "student426",
            "manager_id": "",
            "mobile_phone": "",
            "object_id": "b9d57093-411e-4141-b5a5-faf01b0edd17",
            "office_location": "",
            "onpremises_distinguished_name": "",
            "onpremises_domain_name": "",
            "onpremises_immutable_id": "",
            "onpremises_sam_account_name": "",
            "onpremises_security_identifier": "",
            "onpremises_sync_enabled": false,
            "onpremises_user_principal_name": "",
            "other_mails": [],
            "postal_code": "",
            "preferred_language": "",
            "proxy_addresses": [],
            "show_in_address_list": false,
            "state": "",
            "street_address": "",
            "surname": "",
            "timeouts": null,
            "usage_location": "",
            "user_principal_name": "student426@mscsschool.onmicrosoft.com",
            "user_type": "Member"
          },
          "sensitive_attributes": [
            [
              {
                "type": "get_attr",
                "value": "user_principal_name"
              }
            ]
          ],
          "identity_schema_version": 0
        }
      ]
    },
    {
      "module": "module.identity",
      "mode": "data",
      "type": "azuread_user",
      "name": "sec_internal1",
      "provider": "provider[\"registry.terraform.io/hashicorp/azuread\"]",
      "instances": [
        {
          "schema_version": 0,
          "attributes": {
            "account_enabled": true,
            "age_group": "",
            "business_phones": [],
            "city": "",
            "company_name": "",
            "consent_provided_for_minor": "",
            "cost_center": null,
            "country": "",
            "creation_type": "",
            "department": "",
            "display_name": "이기훈",
            "division": null,
            "employee_id": "",
            "employee_type": "",
            "external_user_state": "",
            "fax_number": "",
            "given_name": "",
            "id": "cbca0876-4730-495c-8c47-18b9c9af868a",
            "im_addresses": [],
            "job_title": "",
            "mail": "",
            "mail_nickname": "student420",
            "manager_id": "",
            "mobile_phone": "",
            "object_id": "cbca0876-4730-495c-8c47-18b9c9af868a",
            "office_location": "",
            "onpremises_distinguished_name": "",
            "onpremises_domain_name": "",
            "onpremises_immutable_id": "",
            "onpremises_sam_account_name": "",
            "onpremises_security_identifier": "",
            "onpremises_sync_enabled": false,
            "onpremises_user_principal_name": "",
            "other_mails": [],
            "postal_code": "",
            "preferred_language": "",
            "proxy_addresses": [],
            "show_in_address_list": false,
            "state": "",
            "street_address": "",
            "surname": "",
            "timeouts": null,
            "usage_location": "",
            "user_principal_name": "student420@mscsschool.onmicrosoft.com",
            "user_type": "Member"
          },
          "sensitive_attributes": [
            [
              {
                "type": "get_attr",
                "value": "user_principal_name"
              }
            ]
          ],
          "identity_schema_version": 0
        }
      ]
    },
    {
      "module": "module.identity",
      "mode": "data",
      "type": "azuread_user",
      "name": "sec_internal2",
      "provider": "provider[\"registry.terraform.io/hashicorp/azuread\"]",
      "instances": [
        {
          "schema_version": 0,
          "attributes": {
            "account_enabled": true,
            "age_group": "",
            "business_phones": [],
            "city": "",
            "company_name": "",
            "consent_provided_for_minor": "",
            "cost_center": null,
            "country": "",
            "creation_type": "",
            "department": "",
            "display_name": "신윤철",
            "division": null,
            "employee_id": "",
            "employee_type": "",
            "external_user_state": "",
            "fax_number": "",
            "given_name": "",
            "id": "9d116595-7f36-4bb1-ad76-c50f75528054",
            "im_addresses": [],
            "job_title": "",
            "mail": "",
            "mail_nickname": "student415",
            "manager_id": "",
            "mobile_phone": "",
            "object_id": "9d116595-7f36-4bb1-ad76-c50f75528054",
            "office_location": "",
            "onpremises_distinguished_name": "",
            "onpremises_domain_name": "",
            "onpremises_immutable_id": "",
            "onpremises_sam_account_name": "",
            "onpremises_security_identifier": "",
            "onpremises_sync_enabled": false,
            "onpremises_user_principal_name": "",
            "other_mails": [],
            "postal_code": "",
            "preferred_language": "",
            "proxy_addresses": [],
            "show_in_address_list": false,
            "state": "",
            "street_address": "",
            "surname": "",
            "timeouts": null,
            "usage_location": "",
            "user_principal_name": "student415@mscsschool.onmicrosoft.com",
            "user_type": "Member"
          },
          "sensitive_attributes": [
            [
              {
                "type": "get_attr",
                "value": "user_principal_name"
              }
            ]
          ],
          "identity_schema_version": 0
        }
      ]
    },
    {
      "module": "module.identity",
      "mode": "managed",
      "type": "azurerm_role_assignment",
      "name": "arch_reader",
      "provider": "provider[\"registry.terraform.io/hashicorp/azurerm\"]",
      "instances": [
        {
          "schema_version": 0,
          "attributes": {
            "condition": "",
            "condition_version": "",
            "delegated_managed_identity_resource_id": "",
            "description": "",
            "id": "/subscriptions/99b79efe-ebd6-468c-b39f-5669acb259e1/resourceGroups/04-t1-www/providers/Microsoft.Authorization/roleAssignments/aadece89-a7d7-84b5-fa0d-a797f2fcc95a",
            "name": "aadece89-a7d7-84b5-fa0d-a797f2fcc95a",
            "principal_id": "459480bc-f44e-4582-8c98-71fa3d881811",
            "principal_type": "User",
            "role_definition_id": "/subscriptions/99b79efe-ebd6-468c-b39f-5669acb259e1/providers/Microsoft.Authorization/roleDefinitions/acdd72a7-3385-48ef-bd42-f606fba81ae7",
            "role_definition_name": "Reader",
            "scope": "/subscriptions/99b79efe-ebd6-468c-b39f-5669acb259e1/resourceGroups/04-t1-www",
            "skip_service_principal_aad_check": null,
            "timeouts": null
          },
          "sensitive_attributes": [],
          "identity_schema_version": 0,
          "private": "eyJlMmJmYjczMC1lY2FhLTExZTYtOGY4OC0zNDM2M2JjN2M0YzAiOnsiY3JlYXRlIjoxODAwMDAwMDAwMDAwLCJkZWxldGUiOjE4MDAwMDAwMDAwMDAsInJlYWQiOjMwMDAwMDAwMDAwMH19",
          "dependencies": [
            "azurerm_resource_group.rg",
            "module.identity.data.azuread_user.arch_reviewer"
          ]
        }
      ]
    },
    {
      "module": "module.identity",
      "mode": "managed",
      "type": "azurerm_role_assignment",
      "name": "pm_keyvault",
      "provider": "provider[\"registry.terraform.io/hashicorp/azurerm\"]",
      "instances": [
        {
          "schema_version": 0,
          "attributes": {
            "condition": "",
            "condition_version": "",
            "delegated_managed_identity_resource_id": "",
            "description": "",
            "id": "/subscriptions/99b79efe-ebd6-468c-b39f-5669acb259e1/resourceGroups/04-t1-www/providers/Microsoft.KeyVault/vaults/www-kv-95710734/providers/Microsoft.Authorization/roleAssignments/174bc7bf-edb2-c350-cdc6-624a744f689b",
            "name": "174bc7bf-edb2-c350-cdc6-624a744f689b",
            "principal_id": "492131b6-671b-43f1-ac1e-db6a26222569",
            "principal_type": "User",
            "role_definition_id": "/subscriptions/99b79efe-ebd6-468c-b39f-5669acb259e1/providers/Microsoft.Authorization/roleDefinitions/00482a5a-887f-4fb3-b363-3b7fe8e74483",
            "role_definition_name": "Key Vault Administrator",
            "scope": "/subscriptions/99b79efe-ebd6-468c-b39f-5669acb259e1/resourceGroups/04-t1-www/providers/Microsoft.KeyVault/vaults/www-kv-95710734",
            "skip_service_principal_aad_check": null,
            "timeouts": null
          },
          "sensitive_attributes": [],
          "identity_schema_version": 0,
          "private": "eyJlMmJmYjczMC1lY2FhLTExZTYtOGY4OC0zNDM2M2JjN2M0YzAiOnsiY3JlYXRlIjoxODAwMDAwMDAwMDAwLCJkZWxldGUiOjE4MDAwMDAwMDAwMDAsInJlYWQiOjMwMDAwMDAwMDAwMH0sInNjaGVtYV92ZXJzaW9uIjoiMCJ9",
          "dependencies": [
            "azurerm_resource_group.rg",
            "module.identity.data.azuread_user.pm",
            "module.network_central.azurerm_subnet.subnets",
            "module.network_central.azurerm_virtual_network.vnet",
            "module.security.azurerm_key_vault.kv",
            "module.security.data.azurerm_client_config.current",
            "module.security.data.http.my_ip",
            "module.security.random_id.kv"
          ]
        }
      ]
    },
    {
      "module": "module.identity",
      "mode": "managed",
      "type": "azurerm_role_assignment",
      "name": "pm_monitoring",
      "provider": "provider[\"registry.terraform.io/hashicorp/azurerm\"]",
      "instances": [
        {
          "schema_version": 0,
          "attributes": {
            "condition": "",
            "condition_version": "",
            "delegated_managed_identity_resource_id": "",
            "description": "",
            "id": "/subscriptions/99b79efe-ebd6-468c-b39f-5669acb259e1/resourceGroups/04-t1-www/providers/Microsoft.Authorization/roleAssignments/2b247d16-1a8c-201b-b133-d079fe2e500a",
            "name": "2b247d16-1a8c-201b-b133-d079fe2e500a",
            "principal_id": "492131b6-671b-43f1-ac1e-db6a26222569",
            "principal_type": "User",
            "role_definition_id": "/subscriptions/99b79efe-ebd6-468c-b39f-5669acb259e1/providers/Microsoft.Authorization/roleDefinitions/749f88d5-cbae-40b8-bcfc-e573ddc772fa",
            "role_definition_name": "Monitoring Contributor",
            "scope": "/subscriptions/99b79efe-ebd6-468c-b39f-5669acb259e1/resourceGroups/04-t1-www",
            "skip_service_principal_aad_check": null,
            "timeouts": null
          },
          "sensitive_attributes": [],
          "identity_schema_version": 0,
          "private": "eyJlMmJmYjczMC1lY2FhLTExZTYtOGY4OC0zNDM2M2JjN2M0YzAiOnsiY3JlYXRlIjoxODAwMDAwMDAwMDAwLCJkZWxldGUiOjE4MDAwMDAwMDAwMDAsInJlYWQiOjMwMDAwMDAwMDAwMH19",
          "dependencies": [
            "azurerm_resource_group.rg",
            "module.identity.data.azuread_user.pm"
          ]
        }
      ]
    },
    {
      "module": "module.identity",
      "mode": "managed",
      "type": "azurerm_role_assignment",
      "name": "pm_owner",
      "provider": "provider[\"registry.terraform.io/hashicorp/azurerm\"]",
      "instances": [
        {
          "schema_version": 0,
          "attributes": {
            "condition": "",
            "condition_version": "",
            "delegated_managed_identity_resource_id": "",
            "description": "",
            "id": "/subscriptions/99b79efe-ebd6-468c-b39f-5669acb259e1/resourceGroups/04-t1-www/providers/Microsoft.Authorization/roleAssignments/37b10d50-d7eb-f07d-e71f-4e4fe9d194c4",
            "name": "37b10d50-d7eb-f07d-e71f-4e4fe9d194c4",
            "principal_id": "492131b6-671b-43f1-ac1e-db6a26222569",
            "principal_type": "User",
            "role_definition_id": "/subscriptions/99b79efe-ebd6-468c-b39f-5669acb259e1/providers/Microsoft.Authorization/roleDefinitions/8e3af657-a8ff-443c-a75c-2fe8c4bcb635",
            "role_definition_name": "Owner",
            "scope": "/subscriptions/99b79efe-ebd6-468c-b39f-5669acb259e1/resourceGroups/04-t1-www",
            "skip_service_principal_aad_check": null,
            "timeouts": null
          },
          "sensitive_attributes": [],
          "identity_schema_version": 0,
          "private": "eyJlMmJmYjczMC1lY2FhLTExZTYtOGY4OC0zNDM2M2JjN2M0YzAiOnsiY3JlYXRlIjoxODAwMDAwMDAwMDAwLCJkZWxldGUiOjE4MDAwMDAwMDAwMDAsInJlYWQiOjMwMDAwMDAwMDAwMH19",
          "dependencies": [
            "azurerm_resource_group.rg",
            "module.identity.data.azuread_user.pm"
          ]
        }
      ]
    },
    {
      "module": "module.identity",
      "mode": "managed",
      "type": "azurerm_role_assignment",
      "name": "pm_sentinel",
      "provider": "provider[\"registry.terraform.io/hashicorp/azurerm\"]",
      "instances": [
        {
          "schema_version": 0,
          "attributes": {
            "condition": "",
            "condition_version": "",
            "delegated_managed_identity_resource_id": "",
            "description": "",
            "id": "/subscriptions/99b79efe-ebd6-468c-b39f-5669acb259e1/resourceGroups/04-t1-www/providers/Microsoft.OperationalInsights/workspaces/www-law/providers/Microsoft.Authorization/roleAssignments/0441ac07-2972-d8c5-2c53-af5e45caa65e",
            "name": "0441ac07-2972-d8c5-2c53-af5e45caa65e",
            "principal_id": "492131b6-671b-43f1-ac1e-db6a26222569",
            "principal_type": "User",
            "role_definition_id": "/subscriptions/99b79efe-ebd6-468c-b39f-5669acb259e1/providers/Microsoft.Authorization/roleDefinitions/ab8e14d6-4a74-4a29-9ba8-549422addade",
            "role_definition_name": "Microsoft Sentinel Contributor",
            "scope": "/subscriptions/99b79efe-ebd6-468c-b39f-5669acb259e1/resourceGroups/04-t1-www/providers/Microsoft.OperationalInsights/workspaces/www-law",
            "skip_service_principal_aad_check": null,
            "timeouts": null
          },
          "sensitive_attributes": [],
          "identity_schema_version": 0,
          "private": "eyJlMmJmYjczMC1lY2FhLTExZTYtOGY4OC0zNDM2M2JjN2M0YzAiOnsiY3JlYXRlIjoxODAwMDAwMDAwMDAwLCJkZWxldGUiOjE4MDAwMDAwMDAwMDAsInJlYWQiOjMwMDAwMDAwMDAwMH19",
          "dependencies": [
            "azurerm_resource_group.rg",
            "module.identity.data.azuread_user.pm",
            "module.security.azurerm_log_analytics_workspace.law"
          ]
        }
      ]
    },
    {
      "module": "module.identity",
      "mode": "managed",
      "type": "azurerm_role_assignment",
      "name": "sec_external2_sentinel",
      "provider": "provider[\"registry.terraform.io/hashicorp/azurerm\"]",
      "instances": [
        {
          "schema_version": 0,
          "attributes": {
            "condition": "",
            "condition_version": "",
            "delegated_managed_identity_resource_id": "",
            "description": "",
            "id": "/subscriptions/99b79efe-ebd6-468c-b39f-5669acb259e1/resourceGroups/04-t1-www/providers/Microsoft.OperationalInsights/workspaces/www-law/providers/Microsoft.Authorization/roleAssignments/f052b2c1-a71c-5dd7-2ecd-99a214b308be",
            "name": "f052b2c1-a71c-5dd7-2ecd-99a214b308be",
            "principal_id": "b9d57093-411e-4141-b5a5-faf01b0edd17",
            "principal_type": "User",
            "role_definition_id": "/subscriptions/99b79efe-ebd6-468c-b39f-5669acb259e1/providers/Microsoft.Authorization/roleDefinitions/ab8e14d6-4a74-4a29-9ba8-549422addade",
            "role_definition_name": "Microsoft Sentinel Contributor",
            "scope": "/subscriptions/99b79efe-ebd6-468c-b39f-5669acb259e1/resourceGroups/04-t1-www/providers/Microsoft.OperationalInsights/workspaces/www-law",
            "skip_service_principal_aad_check": null,
            "timeouts": null
          },
          "sensitive_attributes": [],
          "identity_schema_version": 0,
          "private": "eyJlMmJmYjczMC1lY2FhLTExZTYtOGY4OC0zNDM2M2JjN2M0YzAiOnsiY3JlYXRlIjoxODAwMDAwMDAwMDAwLCJkZWxldGUiOjE4MDAwMDAwMDAwMDAsInJlYWQiOjMwMDAwMDAwMDAwMH19",
          "dependencies": [
            "azurerm_resource_group.rg",
            "module.identity.data.azuread_user.sec_external2",
            "module.security.azurerm_log_analytics_workspace.law"
          ]
        }
      ]
    },
    {
      "module": "module.identity",
      "mode": "managed",
      "type": "azurerm_role_assignment",
      "name": "sec_external_sentinel",
      "provider": "provider[\"registry.terraform.io/hashicorp/azurerm\"]",
      "instances": [
        {
          "schema_version": 0,
          "attributes": {
            "condition": "",
            "condition_version": "",
            "delegated_managed_identity_resource_id": "",
            "description": "",
            "id": "/subscriptions/99b79efe-ebd6-468c-b39f-5669acb259e1/resourceGroups/04-t1-www/providers/Microsoft.OperationalInsights/workspaces/www-law/providers/Microsoft.Authorization/roleAssignments/c968adba-eda8-e470-a307-e50e0d575171",
            "name": "c968adba-eda8-e470-a307-e50e0d575171",
            "principal_id": "5a54cace-68ce-40f1-b485-b32a226e50e5",
            "principal_type": "User",
            "role_definition_id": "/subscriptions/99b79efe-ebd6-468c-b39f-5669acb259e1/providers/Microsoft.Authorization/roleDefinitions/ab8e14d6-4a74-4a29-9ba8-549422addade",
            "role_definition_name": "Microsoft Sentinel Contributor",
            "scope": "/subscriptions/99b79efe-ebd6-468c-b39f-5669acb259e1/resourceGroups/04-t1-www/providers/Microsoft.OperationalInsights/workspaces/www-law",
            "skip_service_principal_aad_check": null,
            "timeouts": null
          },
          "sensitive_attributes": [],
          "identity_schema_version": 0,
          "private": "eyJlMmJmYjczMC1lY2FhLTExZTYtOGY4OC0zNDM2M2JjN2M0YzAiOnsiY3JlYXRlIjoxODAwMDAwMDAwMDAwLCJkZWxldGUiOjE4MDAwMDAwMDAwMDAsInJlYWQiOjMwMDAwMDAwMDAwMH19",
          "dependencies": [
            "azurerm_resource_group.rg",
            "module.identity.data.azuread_user.sec_external",
            "module.security.azurerm_log_analytics_workspace.law"
          ]
        }
      ]
    },
    {
      "module": "module.identity",
      "mode": "managed",
      "type": "azurerm_role_assignment",
      "name": "sec_internal1_security_admin",
      "provider": "provider[\"registry.terraform.io/hashicorp/azurerm\"]",
      "instances": [
        {
          "schema_version": 0,
          "attributes": {
            "condition": "",
            "condition_version": "",
            "delegated_managed_identity_resource_id": "",
            "description": "",
            "id": "/subscriptions/99b79efe-ebd6-468c-b39f-5669acb259e1/resourceGroups/04-t1-www/providers/Microsoft.Authorization/roleAssignments/599237cf-2169-aeec-c44c-155f02f33145",
            "name": "599237cf-2169-aeec-c44c-155f02f33145",
            "principal_id": "cbca0876-4730-495c-8c47-18b9c9af868a",
            "principal_type": "User",
            "role_definition_id": "/subscriptions/99b79efe-ebd6-468c-b39f-5669acb259e1/providers/Microsoft.Authorization/roleDefinitions/fb1c8493-542b-48eb-b624-b4c8fea62acd",
            "role_definition_name": "Security Admin",
            "scope": "/subscriptions/99b79efe-ebd6-468c-b39f-5669acb259e1/resourceGroups/04-t1-www",
            "skip_service_principal_aad_check": null,
            "timeouts": null
          },
          "sensitive_attributes": [],
          "identity_schema_version": 0,
          "private": "eyJlMmJmYjczMC1lY2FhLTExZTYtOGY4OC0zNDM2M2JjN2M0YzAiOnsiY3JlYXRlIjoxODAwMDAwMDAwMDAwLCJkZWxldGUiOjE4MDAwMDAwMDAwMDAsInJlYWQiOjMwMDAwMDAwMDAwMH19",
          "dependencies": [
            "azurerm_resource_group.rg",
            "module.identity.data.azuread_user.sec_internal1"
          ]
        }
      ]
    },
    {
      "module": "module.identity",
      "mode": "managed",
      "type": "azurerm_role_assignment",
      "name": "sec_internal2_log_analytics",
      "provider": "provider[\"registry.terraform.io/hashicorp/azurerm\"]",
      "instances": [
        {
          "schema_version": 0,
          "attributes": {
            "condition": "",
            "condition_version": "",
            "delegated_managed_identity_resource_id": "",
            "description": "",
            "id": "/subscriptions/99b79efe-ebd6-468c-b39f-5669acb259e1/resourceGroups/04-t1-www/providers/Microsoft.OperationalInsights/workspaces/www-law/providers/Microsoft.Authorization/roleAssignments/d4728611-f1a9-890d-d876-1789c3142449",
            "name": "d4728611-f1a9-890d-d876-1789c3142449",
            "principal_id": "9d116595-7f36-4bb1-ad76-c50f75528054",
            "principal_type": "User",
            "role_definition_id": "/subscriptions/99b79efe-ebd6-468c-b39f-5669acb259e1/providers/Microsoft.Authorization/roleDefinitions/73c42c96-874c-492b-b04d-ab87d138a893",
            "role_definition_name": "Log Analytics Reader",
            "scope": "/subscriptions/99b79efe-ebd6-468c-b39f-5669acb259e1/resourceGroups/04-t1-www/providers/Microsoft.OperationalInsights/workspaces/www-law",
            "skip_service_principal_aad_check": null,
            "timeouts": null
          },
          "sensitive_attributes": [],
          "identity_schema_version": 0,
          "private": "eyJlMmJmYjczMC1lY2FhLTExZTYtOGY4OC0zNDM2M2JjN2M0YzAiOnsiY3JlYXRlIjoxODAwMDAwMDAwMDAwLCJkZWxldGUiOjE4MDAwMDAwMDAwMDAsInJlYWQiOjMwMDAwMDAwMDAwMH19",
          "dependencies": [
            "azurerm_resource_group.rg",
            "module.identity.data.azuread_user.sec_internal2",
            "module.security.azurerm_log_analytics_workspace.law"
          ]
        }
      ]
    },
    {
      "module": "module.identity",
      "mode": "managed",
      "type": "azurerm_role_assignment",
      "name": "vmss_identity_reader",
      "provider": "provider[\"registry.terraform.io/hashicorp/azurerm\"]",
      "instances": [
        {
          "schema_version": 0,
          "attributes": {
            "condition": "",
            "condition_version": "",
            "delegated_managed_identity_resource_id": "",
            "description": "",
            "id": "/subscriptions/99b79efe-ebd6-468c-b39f-5669acb259e1/resourceGroups/04-t1-www/providers/Microsoft.Authorization/roleAssignments/36ed2e65-3f0b-3a9e-a2e2-f9f262544eb3",
            "name": "36ed2e65-3f0b-3a9e-a2e2-f9f262544eb3",
            "principal_id": "fbb2d43c-8f6c-46b8-a183-3b7fd047b201",
            "principal_type": "ServicePrincipal",
            "role_definition_id": "/subscriptions/99b79efe-ebd6-468c-b39f-5669acb259e1/providers/Microsoft.Authorization/roleDefinitions/acdd72a7-3385-48ef-bd42-f606fba81ae7",
            "role_definition_name": "Reader",
            "scope": "/subscriptions/99b79efe-ebd6-468c-b39f-5669acb259e1/resourceGroups/04-t1-www",
            "skip_service_principal_aad_check": null,
            "timeouts": null
          },
          "sensitive_attributes": [],
          "identity_schema_version": 0,
          "private": "eyJlMmJmYjczMC1lY2FhLTExZTYtOGY4OC0zNDM2M2JjN2M0YzAiOnsiY3JlYXRlIjoxODAwMDAwMDAwMDAwLCJkZWxldGUiOjE4MDAwMDAwMDAwMDAsInJlYWQiOjMwMDAwMDAwMDAwMH19",
          "dependencies": [
            "azurerm_resource_group.rg",
            "module.identity.azurerm_user_assigned_identity.vmss_identity"
          ]
        }
      ]
    },
    {
      "module": "module.identity",
      "mode": "managed",
      "type": "azurerm_user_assigned_identity",
      "name": "appgw_identity",
      "provider": "provider[\"registry.terraform.io/hashicorp/azurerm\"]",
      "instances": [
        {
          "schema_version": 1,
          "attributes": {
            "client_id": "450a5e18-fdb3-4668-95c8-e082df908898",
            "id": "/subscriptions/99b79efe-ebd6-468c-b39f-5669acb259e1/resourceGroups/04-t1-www/providers/Microsoft.ManagedIdentity/userAssignedIdentities/appgw-managed-identity",
            "location": "koreacentral",
            "name": "appgw-managed-identity",
            "principal_id": "08099317-30fc-4838-a105-f6b65f80dfe1",
            "resource_group_name": "04-t1-www",
            "tags": {
              "Environment": "Production",
              "ManagedBy": "Terraform",
              "Purpose": "Application-Gateway"
            },
            "tenant_id": "548e9ef4-b1d5-48fa-b220-59f52d6db511",
            "timeouts": null
          },
          "sensitive_attributes": [],
          "identity_schema_version": 0,
          "private": "eyJlMmJmYjczMC1lY2FhLTExZTYtOGY4OC0zNDM2M2JjN2M0YzAiOnsiY3JlYXRlIjoxODAwMDAwMDAwMDAwLCJkZWxldGUiOjE4MDAwMDAwMDAwMDAsInJlYWQiOjMwMDAwMDAwMDAwMCwidXBkYXRlIjoxODAwMDAwMDAwMDAwfSwic2NoZW1hX3ZlcnNpb24iOiIxIn0=",
          "dependencies": [
            "azurerm_resource_group.rg"
          ]
        }
      ]
    },
    {
      "module": "module.identity",
      "mode": "managed",
      "type": "azurerm_user_assigned_identity",
      "name": "vmss_identity",
      "provider": "provider[\"registry.terraform.io/hashicorp/azurerm\"]",
      "instances": [
        {
          "schema_version": 1,
          "attributes": {
            "client_id": "9e0aff36-89ff-4836-91f9-430d1d0b1a11",
            "id": "/subscriptions/99b79efe-ebd6-468c-b39f-5669acb259e1/resourceGroups/04-t1-www/providers/Microsoft.ManagedIdentity/userAssignedIdentities/vmss-managed-identity",
            "location": "koreacentral",
            "name": "vmss-managed-identity",
            "principal_id": "fbb2d43c-8f6c-46b8-a183-3b7fd047b201",
            "resource_group_name": "04-t1-www",
            "tags": {
              "Environment": "Production",
              "ManagedBy": "Terraform",
              "Purpose": "VMSS-Identity"
            },
            "tenant_id": "548e9ef4-b1d5-48fa-b220-59f52d6db511",
            "timeouts": null
          },
          "sensitive_attributes": [],
          "identity_schema_version": 0,
          "private": "eyJlMmJmYjczMC1lY2FhLTExZTYtOGY4OC0zNDM2M2JjN2M0YzAiOnsiY3JlYXRlIjoxODAwMDAwMDAwMDAwLCJkZWxldGUiOjE4MDAwMDAwMDAwMDAsInJlYWQiOjMwMDAwMDAwMDAwMCwidXBkYXRlIjoxODAwMDAwMDAwMDAwfSwic2NoZW1hX3ZlcnNpb24iOiIxIn0=",
          "dependencies": [
            "azurerm_resource_group.rg"
          ]
        }
      ]
    },
    {
      "module": "module.network_central",
      "mode": "data",
      "type": "azurerm_client_config",
      "name": "current",
      "provider": "provider[\"registry.terraform.io/hashicorp/azurerm\"]",
      "instances": [
        {
          "schema_version": 0,
          "attributes": {
            "client_id": "04b07795-8ddb-461a-bbee-02f9e1bf7b46",
            "id": "Y2xpZW50Q29uZmlncy9jbGllbnRJZD0wNGIwNzc5NS04ZGRiLTQ2MWEtYmJlZS0wMmY5ZTFiZjdiNDY7b2JqZWN0SWQ9NDkyMTMxYjYtNjcxYi00M2YxLWFjMWUtZGI2YTI2MjIyNTY5O3N1YnNjcmlwdGlvbklkPTk5Yjc5ZWZlLWViZDYtNDY4Yy1iMzlmLTU2NjlhY2IyNTllMTt0ZW5hbnRJZD01NDhlOWVmNC1iMWQ1LTQ4ZmEtYjIyMC01OWY1MmQ2ZGI1MTE=",
            "object_id": "492131b6-671b-43f1-ac1e-db6a26222569",
            "subscription_id": "99b79efe-ebd6-468c-b39f-5669acb259e1",
            "tenant_id": "548e9ef4-b1d5-48fa-b220-59f52d6db511",
            "timeouts": null
          },
          "sensitive_attributes": [],
          "identity_schema_version": 0
        }
      ]
    },
    {
      "module": "module.network_central",
      "mode": "managed",
      "type": "azurerm_application_gateway",
      "name": "appgw",
      "provider": "provider[\"registry.terraform.io/hashicorp/azurerm\"]",
      "instances": [
        {
          "index_key": 0,
          "schema_version": 0,
          "attributes": {
            "authentication_certificate": [],
            "autoscale_configuration": [],
            "backend_address_pool": [
              {
                "fqdns": [],
                "id": "/subscriptions/99b79efe-ebd6-468c-b39f-5669acb259e1/resourceGroups/04-t1-www/providers/Microsoft.Network/applicationGateways/www-appgw/backendAddressPools/www-backend-pool",
                "ip_addresses": [],
                "name": "www-backend-pool"
              }
            ],
            "backend_http_settings": [
              {
                "affinity_cookie_name": "",
                "authentication_certificate": [],
                "connection_draining": [],
                "cookie_based_affinity": "Disabled",
                "dedicated_backend_connection_enabled": false,
                "host_name": "localhost",
                "id": "/subscriptions/99b79efe-ebd6-468c-b39f-5669acb259e1/resourceGroups/04-t1-www/providers/Microsoft.Network/applicationGateways/www-appgw/backendHttpSettingsCollection/www-http-settings",
                "name": "www-http-settings",
                "path": "",
                "pick_host_name_from_backend_address": false,
                "port": 80,
                "probe_id": "/subscriptions/99b79efe-ebd6-468c-b39f-5669acb259e1/resourceGroups/04-t1-www/providers/Microsoft.Network/applicationGateways/www-appgw/probes/www-health-probe",
                "probe_name": "www-health-probe",
                "protocol": "Http",
                "request_timeout": 60,
                "trusted_root_certificate_names": []
              }
            ],
            "custom_error_configuration": [],
            "enable_http2": false,
            "fips_enabled": false,
            "firewall_policy_id": "",
            "force_firewall_policy_association": false,
            "frontend_ip_configuration": [
              {
                "id": "/subscriptions/99b79efe-ebd6-468c-b39f-5669acb259e1/resourceGroups/04-t1-www/providers/Microsoft.Network/applicationGateways/www-appgw/frontendIPConfigurations/appgw-frontend-ip",
                "name": "appgw-frontend-ip",
                "private_ip_address": "",
                "private_ip_address_allocation": "Dynamic",
                "private_link_configuration_id": "",
                "private_link_configuration_name": "",
                "public_ip_address_id": "/subscriptions/99b79efe-ebd6-468c-b39f-5669acb259e1/resourceGroups/04-t1-www/providers/Microsoft.Network/publicIPAddresses/www-appgw-pip",
                "subnet_id": ""
              }
            ],
            "frontend_port": [
              {
                "id": "/subscriptions/99b79efe-ebd6-468c-b39f-5669acb259e1/resourceGroups/04-t1-www/providers/Microsoft.Network/applicationGateways/www-appgw/frontendPorts/http-port",
                "name": "http-port",
                "port": 80
              }
            ],
            "gateway_ip_configuration": [
              {
                "id": "/subscriptions/99b79efe-ebd6-468c-b39f-5669acb259e1/resourceGroups/04-t1-www/providers/Microsoft.Network/applicationGateways/www-appgw/gatewayIPConfigurations/appgw-ip-config",
                "name": "appgw-ip-config",
                "subnet_id": "/subscriptions/99b79efe-ebd6-468c-b39f-5669acb259e1/resourceGroups/04-t1-www/providers/Microsoft.Network/virtualNetworks/vnet0/subnets/www-appgw"
              }
            ],
            "global": [],
            "http_listener": [
              {
                "custom_error_configuration": [],
                "firewall_policy_id": "",
                "frontend_ip_configuration_id": "/subscriptions/99b79efe-ebd6-468c-b39f-5669acb259e1/resourceGroups/04-t1-www/providers/Microsoft.Network/applicationGateways/www-appgw/frontendIPConfigurations/appgw-frontend-ip",
                "frontend_ip_configuration_name": "appgw-frontend-ip",
                "frontend_port_id": "/subscriptions/99b79efe-ebd6-468c-b39f-5669acb259e1/resourceGroups/04-t1-www/providers/Microsoft.Network/applicationGateways/www-appgw/frontendPorts/http-port",
                "frontend_port_name": "http-port",
                "host_name": "",
                "host_names": [],
                "id": "/subscriptions/99b79efe-ebd6-468c-b39f-5669acb259e1/resourceGroups/04-t1-www/providers/Microsoft.Network/applicationGateways/www-appgw/httpListeners/www-listener",
                "name": "www-listener",
                "protocol": "Http",
                "require_sni": false,
                "ssl_certificate_id": "",
                "ssl_certificate_name": "",
                "ssl_profile_id": "",
                "ssl_profile_name": ""
              }
            ],
            "id": "/subscriptions/99b79efe-ebd6-468c-b39f-5669acb259e1/resourceGroups/04-t1-www/providers/Microsoft.Network/applicationGateways/www-appgw",
            "identity": [
              {
                "identity_ids": [
                  "/subscriptions/99b79efe-ebd6-468c-b39f-5669acb259e1/resourceGroups/04-t1-www/providers/Microsoft.ManagedIdentity/userAssignedIdentities/appgw-managed-identity"
                ],
                "principal_id": "",
                "tenant_id": "",
                "type": "UserAssigned"
              }
            ],
            "location": "koreacentral",
            "name": "www-appgw",
            "private_endpoint_connection": [],
            "private_link_configuration": [],
            "probe": [
              {
                "host": "",
                "id": "/subscriptions/99b79efe-ebd6-468c-b39f-5669acb259e1/resourceGroups/04-t1-www/providers/Microsoft.Network/applicationGateways/www-appgw/probes/www-health-probe",
                "interval": 30,
                "match": [
                  {
                    "body": "",
                    "status_code": [
                      "200-399"
                    ]
                  }
                ],
                "minimum_servers": 0,
                "name": "www-health-probe",
                "path": "/health.html",
                "pick_host_name_from_backend_http_settings": true,
                "port": 0,
                "protocol": "Http",
                "timeout": 30,
                "unhealthy_threshold": 3
              }
            ],
            "redirect_configuration": [],
            "request_routing_rule": [
              {
                "backend_address_pool_id": "/subscriptions/99b79efe-ebd6-468c-b39f-5669acb259e1/resourceGroups/04-t1-www/providers/Microsoft.Network/applicationGateways/www-appgw/backendAddressPools/www-backend-pool",
                "backend_address_pool_name": "www-backend-pool",
                "backend_http_settings_id": "/subscriptions/99b79efe-ebd6-468c-b39f-5669acb259e1/resourceGroups/04-t1-www/providers/Microsoft.Network/applicationGateways/www-appgw/backendHttpSettingsCollection/www-http-settings",
                "backend_http_settings_name": "www-http-settings",
                "http_listener_id": "/subscriptions/99b79efe-ebd6-468c-b39f-5669acb259e1/resourceGroups/04-t1-www/providers/Microsoft.Network/applicationGateways/www-appgw/httpListeners/www-listener",
                "http_listener_name": "www-listener",
                "id": "/subscriptions/99b79efe-ebd6-468c-b39f-5669acb259e1/resourceGroups/04-t1-www/providers/Microsoft.Network/applicationGateways/www-appgw/requestRoutingRules/www-routing-rule",
                "name": "www-routing-rule",
                "priority": 100,
                "redirect_configuration_id": "",
                "redirect_configuration_name": "",
                "rewrite_rule_set_id": "",
                "rewrite_rule_set_name": "",
                "rule_type": "Basic",
                "url_path_map_id": "",
                "url_path_map_name": ""
              }
            ],
            "resource_group_name": "04-t1-www",
            "rewrite_rule_set": [],
            "sku": [
              {
                "capacity": 2,
                "name": "WAF_v2",
                "tier": "WAF_v2"
              }
            ],
            "ssl_certificate": [],
            "ssl_policy": [
              {
                "cipher_suites": [],
                "disabled_protocols": [],
                "min_protocol_version": "",
                "policy_name": "AppGwSslPolicy20220101",
                "policy_type": "Predefined"
              }
            ],
            "ssl_profile": [],
            "tags": {
              "Environment": "Production",
              "ManagedBy": "Terraform",
              "Purpose": "Application-Gateway-WAF"
            },
            "timeouts": null,
            "trusted_client_certificate": [],
            "trusted_root_certificate": [],
            "url_path_map": [],
            "waf_configuration": [
              {
                "disabled_rule_group": [],
                "enabled": true,
                "exclusion": [],
                "file_upload_limit_mb": 100,
                "firewall_mode": "Prevention",
                "max_request_body_size_kb": 128,
                "request_body_check": true,
                "rule_set_type": "OWASP",
                "rule_set_version": "3.2"
              }
            ],
            "zones": [
              "1",
              "2"
            ]
          },
          "sensitive_attributes": [],
          "identity_schema_version": 0,
          "identity": {
            "name": "www-appgw",
            "resource_group_name": "04-t1-www",
            "subscription_id": "99b79efe-ebd6-468c-b39f-5669acb259e1"
          },
          "private": "eyJlMmJmYjczMC1lY2FhLTExZTYtOGY4OC0zNDM2M2JjN2M0YzAiOnsiY3JlYXRlIjo1NDAwMDAwMDAwMDAwLCJkZWxldGUiOjU0MDAwMDAwMDAwMDAsInJlYWQiOjMwMDAwMDAwMDAwMCwidXBkYXRlIjo1NDAwMDAwMDAwMDAwfX0=",
          "dependencies": [
            "azurerm_resource_group.rg",
            "module.identity.azurerm_user_assigned_identity.appgw_identity",
            "module.network_central.azurerm_public_ip.appgw_pip",
            "module.network_central.azurerm_role_assignment.tf_runner_kv_secret_user",
            "module.network_central.azurerm_subnet.subnets",
            "module.network_central.azurerm_virtual_network.vnet",
            "module.network_central.data.azurerm_client_config.current",
            "module.network_central.data.azurerm_key_vault.appgw_kv",
            "module.network_central.data.azurerm_key_vault_secret.ssl_cert_secret",
            "module.security.azurerm_key_vault.kv",
            "module.security.data.azurerm_client_config.current",
            "module.security.data.http.my_ip",
            "module.security.random_id.kv"
          ]
        }
      ]
    },
    {
      "module": "module.network_central",
      "mode": "managed",
      "type": "azurerm_lb",
      "name": "vmss_lb",
      "provider": "provider[\"registry.terraform.io/hashicorp/azurerm\"]",
      "instances": [
        {
          "schema_version": 0,
          "attributes": {
            "edge_zone": "",
            "frontend_ip_configuration": [
              {
                "gateway_load_balancer_frontend_ip_configuration_id": "",
                "id": "/subscriptions/99b79efe-ebd6-468c-b39f-5669acb259e1/resourceGroups/04-t1-www/providers/Microsoft.Network/loadBalancers/www-lb/frontendIPConfigurations/PublicIPAddress",
                "inbound_nat_rules": [
                  "/subscriptions/99b79efe-ebd6-468c-b39f-5669acb259e1/resourceGroups/04-t1-www/providers/Microsoft.Network/loadBalancers/www-lb/inboundNatRules/ssh-nat-pool.0",
                  "/subscriptions/99b79efe-ebd6-468c-b39f-5669acb259e1/resourceGroups/04-t1-www/providers/Microsoft.Network/loadBalancers/www-lb/inboundNatRules/ssh-nat-pool.1"
                ],
                "load_balancer_rules": [
                  "/subscriptions/99b79efe-ebd6-468c-b39f-5669acb259e1/resourceGroups/04-t1-www/providers/Microsoft.Network/loadBalancers/www-lb/loadBalancingRules/http"
                ],
                "name": "PublicIPAddress",
                "outbound_rules": [],
                "private_ip_address": "",
                "private_ip_address_allocation": "Dynamic",
                "private_ip_address_version": "",
                "public_ip_address_id": "/subscriptions/99b79efe-ebd6-468c-b39f-5669acb259e1/resourceGroups/04-t1-www/providers/Microsoft.Network/publicIPAddresses/www-lb-pip",
                "public_ip_prefix_id": "",
                "subnet_id": "",
                "zones": []
              }
            ],
            "id": "/subscriptions/99b79efe-ebd6-468c-b39f-5669acb259e1/resourceGroups/04-t1-www/providers/Microsoft.Network/loadBalancers/www-lb",
            "location": "koreacentral",
            "name": "www-lb",
            "private_ip_address": "",
            "private_ip_addresses": [],
            "public_ip_address_id": null,
            "resource_group_name": "04-t1-www",
            "sku": "Standard",
            "sku_tier": "Regional",
            "subnet_id": null,
            "tags": {
              "Environment": "Production",
              "ManagedBy": "Terraform",
              "Purpose": "Load-Balancer"
            },
            "timeouts": null
          },
          "sensitive_attributes": [],
          "identity_schema_version": 0,
          "private": "eyJlMmJmYjczMC1lY2FhLTExZTYtOGY4OC0zNDM2M2JjN2M0YzAiOnsiY3JlYXRlIjoxODAwMDAwMDAwMDAwLCJkZWxldGUiOjE4MDAwMDAwMDAwMDAsInJlYWQiOjMwMDAwMDAwMDAwMCwidXBkYXRlIjoxODAwMDAwMDAwMDAwfX0=",
          "dependencies": [
            "azurerm_resource_group.rg",
            "module.network_central.azurerm_public_ip.lb_pip"
          ]
        }
      ]
    },
    {
      "module": "module.network_central",
      "mode": "managed",
      "type": "azurerm_lb",
      "name": "was_lb",
      "provider": "provider[\"registry.terraform.io/hashicorp/azurerm\"]",
      "instances": [
        {
          "schema_version": 0,
          "attributes": {
            "edge_zone": "",
            "frontend_ip_configuration": [
              {
                "gateway_load_balancer_frontend_ip_configuration_id": "",
                "id": "/subscriptions/99b79efe-ebd6-468c-b39f-5669acb259e1/resourceGroups/04-t1-www/providers/Microsoft.Network/loadBalancers/www-was-lb/frontendIPConfigurations/InternalIPAddress",
                "inbound_nat_rules": [],
                "load_balancer_rules": [
                  "/subscriptions/99b79efe-ebd6-468c-b39f-5669acb259e1/resourceGroups/04-t1-www/providers/Microsoft.Network/loadBalancers/www-was-lb/loadBalancingRules/was-http"
                ],
                "name": "InternalIPAddress",
                "outbound_rules": [],
                "private_ip_address": "192.168.5.4",
                "private_ip_address_allocation": "Dynamic",
                "private_ip_address_version": "IPv4",
                "public_ip_address_id": "",
                "public_ip_prefix_id": "",
                "subnet_id": "/subscriptions/99b79efe-ebd6-468c-b39f-5669acb259e1/resourceGroups/04-t1-www/providers/Microsoft.Network/virtualNetworks/vnet0/subnets/www-was",
                "zones": []
              }
            ],
            "id": "/subscriptions/99b79efe-ebd6-468c-b39f-5669acb259e1/resourceGroups/04-t1-www/providers/Microsoft.Network/loadBalancers/www-was-lb",
            "location": "koreacentral",
            "name": "www-was-lb",
            "private_ip_address": "192.168.5.4",
            "private_ip_addresses": [
              "192.168.5.4"
            ],
            "public_ip_address_id": null,
            "resource_group_name": "04-t1-www",
            "sku": "Standard",
            "sku_tier": "Regional",
            "subnet_id": null,
            "tags": {
              "Environment": "Production",
              "ManagedBy": "Terraform",
              "Purpose": "WAS-Load-Balancer"
            },
            "timeouts": null
          },
          "sensitive_attributes": [],
          "identity_schema_version": 0,
          "private": "eyJlMmJmYjczMC1lY2FhLTExZTYtOGY4OC0zNDM2M2JjN2M0YzAiOnsiY3JlYXRlIjoxODAwMDAwMDAwMDAwLCJkZWxldGUiOjE4MDAwMDAwMDAwMDAsInJlYWQiOjMwMDAwMDAwMDAwMCwidXBkYXRlIjoxODAwMDAwMDAwMDAwfX0=",
          "dependencies": [
            "azurerm_resource_group.rg",
            "module.network_central.azurerm_subnet.subnets",
            "module.network_central.azurerm_virtual_network.vnet"
          ]
        }
      ]
    },
    {
      "module": "module.network_central",
      "mode": "managed",
      "type": "azurerm_lb_backend_address_pool",
      "name": "bpepool",
      "provider": "provider[\"registry.terraform.io/hashicorp/azurerm\"]",
      "instances": [
        {
          "schema_version": 0,
          "attributes": {
            "backend_ip_configurations": [
              "/subscriptions/99b79efe-ebd6-468c-b39f-5669acb259e1/resourceGroups/04-t1-www/providers/Microsoft.Compute/virtualMachineScaleSets/web-vmss/virtualMachines/0/networkInterfaces/vmss-nic/ipConfigurations/internal",
              "/subscriptions/99b79efe-ebd6-468c-b39f-5669acb259e1/resourceGroups/04-t1-www/providers/Microsoft.Compute/virtualMachineScaleSets/web-vmss/virtualMachines/1/networkInterfaces/vmss-nic/ipConfigurations/internal"
            ],
            "id": "/subscriptions/99b79efe-ebd6-468c-b39f-5669acb259e1/resourceGroups/04-t1-www/providers/Microsoft.Network/loadBalancers/www-lb/backendAddressPools/www-backend-pool",
            "inbound_nat_rules": [],
            "load_balancing_rules": [
              "/subscriptions/99b79efe-ebd6-468c-b39f-5669acb259e1/resourceGroups/04-t1-www/providers/Microsoft.Network/loadBalancers/www-lb/loadBalancingRules/http"
            ],
            "loadbalancer_id": "/subscriptions/99b79efe-ebd6-468c-b39f-5669acb259e1/resourceGroups/04-t1-www/providers/Microsoft.Network/loadBalancers/www-lb",
            "name": "www-backend-pool",
            "outbound_rules": [],
            "synchronous_mode": "",
            "timeouts": null,
            "tunnel_interface": [],
            "virtual_network_id": ""
          },
          "sensitive_attributes": [],
          "identity_schema_version": 0,
          "private": "eyJlMmJmYjczMC1lY2FhLTExZTYtOGY4OC0zNDM2M2JjN2M0YzAiOnsiY3JlYXRlIjoxODAwMDAwMDAwMDAwLCJkZWxldGUiOjE4MDAwMDAwMDAwMDAsInJlYWQiOjMwMDAwMDAwMDAwMCwidXBkYXRlIjoxODAwMDAwMDAwMDAwfX0=",
          "dependencies": [
            "azurerm_resource_group.rg",
            "module.network_central.azurerm_lb.vmss_lb",
            "module.network_central.azurerm_public_ip.lb_pip"
          ]
        }
      ]
    },
    {
      "module": "module.network_central",
      "mode": "managed",
      "type": "azurerm_lb_backend_address_pool",
      "name": "was_backend_pool",
      "provider": "provider[\"registry.terraform.io/hashicorp/azurerm\"]",
      "instances": [
        {
          "schema_version": 0,
          "attributes": {
            "backend_ip_configurations": [
              "/subscriptions/99b79efe-ebd6-468c-b39f-5669acb259e1/resourceGroups/04-t1-www/providers/Microsoft.Compute/virtualMachineScaleSets/was-vmss/virtualMachines/23/networkInterfaces/was-vmss-nic/ipConfigurations/internal"
            ],
            "id": "/subscriptions/99b79efe-ebd6-468c-b39f-5669acb259e1/resourceGroups/04-t1-www/providers/Microsoft.Network/loadBalancers/www-was-lb/backendAddressPools/www-was-backend-pool",
            "inbound_nat_rules": [],
            "load_balancing_rules": [
              "/subscriptions/99b79efe-ebd6-468c-b39f-5669acb259e1/resourceGroups/04-t1-www/providers/Microsoft.Network/loadBalancers/www-was-lb/loadBalancingRules/was-http"
            ],
            "loadbalancer_id": "/subscriptions/99b79efe-ebd6-468c-b39f-5669acb259e1/resourceGroups/04-t1-www/providers/Microsoft.Network/loadBalancers/www-was-lb",
            "name": "www-was-backend-pool",
            "outbound_rules": [],
            "synchronous_mode": "",
            "timeouts": null,
            "tunnel_interface": [],
            "virtual_network_id": ""
          },
          "sensitive_attributes": [],
          "identity_schema_version": 0,
          "private": "eyJlMmJmYjczMC1lY2FhLTExZTYtOGY4OC0zNDM2M2JjN2M0YzAiOnsiY3JlYXRlIjoxODAwMDAwMDAwMDAwLCJkZWxldGUiOjE4MDAwMDAwMDAwMDAsInJlYWQiOjMwMDAwMDAwMDAwMCwidXBkYXRlIjoxODAwMDAwMDAwMDAwfX0=",
          "dependencies": [
            "azurerm_resource_group.rg",
            "module.network_central.azurerm_lb.was_lb",
            "module.network_central.azurerm_subnet.subnets",
            "module.network_central.azurerm_virtual_network.vnet"
          ]
        }
      ]
    },
    {
      "module": "module.network_central",
      "mode": "managed",
      "type": "azurerm_lb_nat_pool",
      "name": "ssh_nat_pool",
      "provider": "provider[\"registry.terraform.io/hashicorp/azurerm\"]",
      "instances": [
        {
          "schema_version": 0,
          "attributes": {
            "backend_port": 22,
            "floating_ip_enabled": false,
            "frontend_ip_configuration_id": "/subscriptions/99b79efe-ebd6-468c-b39f-5669acb259e1/resourceGroups/04-t1-www/providers/Microsoft.Network/loadBalancers/www-lb/frontendIPConfigurations/PublicIPAddress",
            "frontend_ip_configuration_name": "PublicIPAddress",
            "frontend_port_end": 50010,
            "frontend_port_start": 50001,
            "id": "/subscriptions/99b79efe-ebd6-468c-b39f-5669acb259e1/resourceGroups/04-t1-www/providers/Microsoft.Network/loadBalancers/www-lb/inboundNatPools/ssh-nat-pool",
            "idle_timeout_in_minutes": 4,
            "loadbalancer_id": "/subscriptions/99b79efe-ebd6-468c-b39f-5669acb259e1/resourceGroups/04-t1-www/providers/Microsoft.Network/loadBalancers/www-lb",
            "name": "ssh-nat-pool",
            "protocol": "Tcp",
            "resource_group_name": "04-t1-www",
            "tcp_reset_enabled": false,
            "timeouts": null
          },
          "sensitive_attributes": [],
          "identity_schema_version": 0,
          "private": "eyJlMmJmYjczMC1lY2FhLTExZTYtOGY4OC0zNDM2M2JjN2M0YzAiOnsiY3JlYXRlIjoxODAwMDAwMDAwMDAwLCJkZWxldGUiOjE4MDAwMDAwMDAwMDAsInJlYWQiOjMwMDAwMDAwMDAwMCwidXBkYXRlIjoxODAwMDAwMDAwMDAwfX0=",
          "dependencies": [
            "azurerm_resource_group.rg",
            "module.network_central.azurerm_lb.vmss_lb",
            "module.network_central.azurerm_public_ip.lb_pip"
          ]
        }
      ]
    },
    {
      "module": "module.network_central",
      "mode": "managed",
      "type": "azurerm_lb_probe",
      "name": "vmss_probe",
      "provider": "provider[\"registry.terraform.io/hashicorp/azurerm\"]",
      "instances": [
        {
          "schema_version": 0,
          "attributes": {
            "id": "/subscriptions/99b79efe-ebd6-468c-b39f-5669acb259e1/resourceGroups/04-t1-www/providers/Microsoft.Network/loadBalancers/www-lb/probes/http-probe",
            "interval_in_seconds": 15,
            "load_balancer_rules": [
              "/subscriptions/99b79efe-ebd6-468c-b39f-5669acb259e1/resourceGroups/04-t1-www/providers/Microsoft.Network/loadBalancers/www-lb/loadBalancingRules/http"
            ],
            "loadbalancer_id": "/subscriptions/99b79efe-ebd6-468c-b39f-5669acb259e1/resourceGroups/04-t1-www/providers/Microsoft.Network/loadBalancers/www-lb",
            "name": "http-probe",
            "number_of_probes": 2,
            "port": 80,
            "probe_threshold": 1,
            "protocol": "Http",
            "request_path": "/health.html",
            "timeouts": null
          },
          "sensitive_attributes": [],
          "identity_schema_version": 0,
          "private": "eyJlMmJmYjczMC1lY2FhLTExZTYtOGY4OC0zNDM2M2JjN2M0YzAiOnsiY3JlYXRlIjoxODAwMDAwMDAwMDAwLCJkZWxldGUiOjE4MDAwMDAwMDAwMDAsInJlYWQiOjMwMDAwMDAwMDAwMCwidXBkYXRlIjoxODAwMDAwMDAwMDAwfX0=",
          "dependencies": [
            "azurerm_resource_group.rg",
            "module.network_central.azurerm_lb.vmss_lb",
            "module.network_central.azurerm_public_ip.lb_pip"
          ]
        }
      ]
    },
    {
      "module": "module.network_central",
      "mode": "managed",
      "type": "azurerm_lb_probe",
      "name": "was_probe",
      "provider": "provider[\"registry.terraform.io/hashicorp/azurerm\"]",
      "instances": [
        {
          "schema_version": 0,
          "attributes": {
            "id": "/subscriptions/99b79efe-ebd6-468c-b39f-5669acb259e1/resourceGroups/04-t1-www/providers/Microsoft.Network/loadBalancers/www-was-lb/probes/was-http-probe",
            "interval_in_seconds": 15,
            "load_balancer_rules": [
              "/subscriptions/99b79efe-ebd6-468c-b39f-5669acb259e1/resourceGroups/04-t1-www/providers/Microsoft.Network/loadBalancers/www-was-lb/loadBalancingRules/was-http"
            ],
            "loadbalancer_id": "/subscriptions/99b79efe-ebd6-468c-b39f-5669acb259e1/resourceGroups/04-t1-www/providers/Microsoft.Network/loadBalancers/www-was-lb",
            "name": "was-http-probe",
            "number_of_probes": 2,
            "port": 80,
            "probe_threshold": 1,
            "protocol": "Http",
            "request_path": "/health.php",
            "timeouts": null
          },
          "sensitive_attributes": [],
          "identity_schema_version": 0,
          "private": "eyJlMmJmYjczMC1lY2FhLTExZTYtOGY4OC0zNDM2M2JjN2M0YzAiOnsiY3JlYXRlIjoxODAwMDAwMDAwMDAwLCJkZWxldGUiOjE4MDAwMDAwMDAwMDAsInJlYWQiOjMwMDAwMDAwMDAwMCwidXBkYXRlIjoxODAwMDAwMDAwMDAwfX0=",
          "dependencies": [
            "azurerm_resource_group.rg",
            "module.network_central.azurerm_lb.was_lb",
            "module.network_central.azurerm_subnet.subnets",
            "module.network_central.azurerm_virtual_network.vnet"
          ]
        }
      ]
    },
    {
      "module": "module.network_central",
      "mode": "managed",
      "type": "azurerm_lb_rule",
      "name": "vmss_lb_rule",
      "provider": "provider[\"registry.terraform.io/hashicorp/azurerm\"]",
      "instances": [
        {
          "schema_version": 0,
          "attributes": {
            "backend_address_pool_ids": [
              "/subscriptions/99b79efe-ebd6-468c-b39f-5669acb259e1/resourceGroups/04-t1-www/providers/Microsoft.Network/loadBalancers/www-lb/backendAddressPools/www-backend-pool"
            ],
            "backend_port": 80,
            "disable_outbound_snat": false,
            "enable_floating_ip": false,
            "enable_tcp_reset": false,
            "floating_ip_enabled": false,
            "frontend_ip_configuration_id": "/subscriptions/99b79efe-ebd6-468c-b39f-5669acb259e1/resourceGroups/04-t1-www/providers/Microsoft.Network/loadBalancers/www-lb/frontendIPConfigurations/PublicIPAddress",
            "frontend_ip_configuration_name": "PublicIPAddress",
            "frontend_port": 80,
            "id": "/subscriptions/99b79efe-ebd6-468c-b39f-5669acb259e1/resourceGroups/04-t1-www/providers/Microsoft.Network/loadBalancers/www-lb/loadBalancingRules/http",
            "idle_timeout_in_minutes": 4,
            "load_distribution": "Default",
            "loadbalancer_id": "/subscriptions/99b79efe-ebd6-468c-b39f-5669acb259e1/resourceGroups/04-t1-www/providers/Microsoft.Network/loadBalancers/www-lb",
            "name": "http",
            "probe_id": "/subscriptions/99b79efe-ebd6-468c-b39f-5669acb259e1/resourceGroups/04-t1-www/providers/Microsoft.Network/loadBalancers/www-lb/probes/http-probe",
            "protocol": "Tcp",
            "tcp_reset_enabled": false,
            "timeouts": null
          },
          "sensitive_attributes": [],
          "identity_schema_version": 0,
          "private": "eyJlMmJmYjczMC1lY2FhLTExZTYtOGY4OC0zNDM2M2JjN2M0YzAiOnsiY3JlYXRlIjoxODAwMDAwMDAwMDAwLCJkZWxldGUiOjE4MDAwMDAwMDAwMDAsInJlYWQiOjMwMDAwMDAwMDAwMCwidXBkYXRlIjoxODAwMDAwMDAwMDAwfX0=",
          "dependencies": [
            "azurerm_resource_group.rg",
            "module.network_central.azurerm_lb.vmss_lb",
            "module.network_central.azurerm_lb_backend_address_pool.bpepool",
            "module.network_central.azurerm_lb_probe.vmss_probe",
            "module.network_central.azurerm_public_ip.lb_pip"
          ]
        }
      ]
    },
    {
      "module": "module.network_central",
      "mode": "managed",
      "type": "azurerm_lb_rule",
      "name": "was_lb_rule",
      "provider": "provider[\"registry.terraform.io/hashicorp/azurerm\"]",
      "instances": [
        {
          "schema_version": 0,
          "attributes": {
            "backend_address_pool_ids": [
              "/subscriptions/99b79efe-ebd6-468c-b39f-5669acb259e1/resourceGroups/04-t1-www/providers/Microsoft.Network/loadBalancers/www-was-lb/backendAddressPools/www-was-backend-pool"
            ],
            "backend_port": 80,
            "disable_outbound_snat": false,
            "enable_floating_ip": false,
            "enable_tcp_reset": false,
            "floating_ip_enabled": false,
            "frontend_ip_configuration_id": "/subscriptions/99b79efe-ebd6-468c-b39f-5669acb259e1/resourceGroups/04-t1-www/providers/Microsoft.Network/loadBalancers/www-was-lb/frontendIPConfigurations/InternalIPAddress",
            "frontend_ip_configuration_name": "InternalIPAddress",
            "frontend_port": 80,
            "id": "/subscriptions/99b79efe-ebd6-468c-b39f-5669acb259e1/resourceGroups/04-t1-www/providers/Microsoft.Network/loadBalancers/www-was-lb/loadBalancingRules/was-http",
            "idle_timeout_in_minutes": 4,
            "load_distribution": "Default",
            "loadbalancer_id": "/subscriptions/99b79efe-ebd6-468c-b39f-5669acb259e1/resourceGroups/04-t1-www/providers/Microsoft.Network/loadBalancers/www-was-lb",
            "name": "was-http",
            "probe_id": "/subscriptions/99b79efe-ebd6-468c-b39f-5669acb259e1/resourceGroups/04-t1-www/providers/Microsoft.Network/loadBalancers/www-was-lb/probes/was-http-probe",
            "protocol": "Tcp",
            "tcp_reset_enabled": false,
            "timeouts": null
          },
          "sensitive_attributes": [],
          "identity_schema_version": 0,
          "private": "eyJlMmJmYjczMC1lY2FhLTExZTYtOGY4OC0zNDM2M2JjN2M0YzAiOnsiY3JlYXRlIjoxODAwMDAwMDAwMDAwLCJkZWxldGUiOjE4MDAwMDAwMDAwMDAsInJlYWQiOjMwMDAwMDAwMDAwMCwidXBkYXRlIjoxODAwMDAwMDAwMDAwfX0=",
          "dependencies": [
            "azurerm_resource_group.rg",
            "module.network_central.azurerm_lb.was_lb",
            "module.network_central.azurerm_lb_backend_address_pool.was_backend_pool",
            "module.network_central.azurerm_lb_probe.was_probe",
            "module.network_central.azurerm_subnet.subnets",
            "module.network_central.azurerm_virtual_network.vnet"
          ]
        }
      ]
    },
    {
      "module": "module.network_central",
      "mode": "managed",
      "type": "azurerm_monitor_diagnostic_setting",
      "name": "appgw_diag",
      "provider": "provider[\"registry.terraform.io/hashicorp/azurerm\"]",
      "instances": [
        {
          "index_key": 0,
          "schema_version": 0,
          "attributes": {
            "enabled_log": [
              {
                "category": "ApplicationGatewayAccessLog",
                "category_group": "",
                "retention_policy": [
                  {
                    "days": 0,
                    "enabled": false
                  }
                ]
              },
              {
                "category": "ApplicationGatewayFirewallLog",
                "category_group": "",
                "retention_policy": [
                  {
                    "days": 0,
                    "enabled": false
                  }
                ]
              },
              {
                "category": "ApplicationGatewayPerformanceLog",
                "category_group": "",
                "retention_policy": [
                  {
                    "days": 0,
                    "enabled": false
                  }
                ]
              }
            ],
            "enabled_metric": [
              {
                "category": "AllMetrics"
              }
            ],
            "eventhub_authorization_rule_id": "",
            "eventhub_name": "",
            "id": "/subscriptions/99b79efe-ebd6-468c-b39f-5669acb259e1/resourceGroups/04-t1-www/providers/Microsoft.Network/applicationGateways/www-appgw|appgw-diag",
            "log_analytics_destination_type": "AzureDiagnostics",
            "log_analytics_workspace_id": "/subscriptions/99b79efe-ebd6-468c-b39f-5669acb259e1/resourceGroups/04-t1-www/providers/Microsoft.OperationalInsights/workspaces/www-law",
            "metric": [
              {
                "category": "AllMetrics",
                "enabled": true,
                "retention_policy": [
                  {
                    "days": 0,
                    "enabled": false
                  }
                ]
              }
            ],
            "name": "appgw-diag",
            "partner_solution_id": null,
            "storage_account_id": null,
            "target_resource_id": "/subscriptions/99b79efe-ebd6-468c-b39f-5669acb259e1/resourceGroups/04-t1-www/providers/Microsoft.Network/applicationGateways/www-appgw",
            "timeouts": null
          },
          "sensitive_attributes": [],
          "identity_schema_version": 0,
          "private": "eyJlMmJmYjczMC1lY2FhLTExZTYtOGY4OC0zNDM2M2JjN2M0YzAiOnsiY3JlYXRlIjoxODAwMDAwMDAwMDAwLCJkZWxldGUiOjM2MDAwMDAwMDAwMDAsInJlYWQiOjMwMDAwMDAwMDAwMCwidXBkYXRlIjoxODAwMDAwMDAwMDAwfX0=",
          "dependencies": [
            "azurerm_resource_group.rg",
            "module.identity.azurerm_user_assigned_identity.appgw_identity",
            "module.network_central.azurerm_application_gateway.appgw",
            "module.network_central.azurerm_public_ip.appgw_pip",
            "module.network_central.azurerm_role_assignment.tf_runner_kv_secret_user",
            "module.network_central.azurerm_subnet.subnets",
            "module.network_central.azurerm_virtual_network.vnet",
            "module.network_central.data.azurerm_client_config.current",
            "module.network_central.data.azurerm_key_vault.appgw_kv",
            "module.network_central.data.azurerm_key_vault_secret.ssl_cert_secret",
            "module.security.azurerm_key_vault.kv",
            "module.security.azurerm_log_analytics_workspace.law",
            "module.security.data.azurerm_client_config.current",
            "module.security.data.http.my_ip",
            "module.security.random_id.kv"
          ]
        }
      ]
    },
    {
      "module": "module.network_central",
      "mode": "managed",
      "type": "azurerm_monitor_diagnostic_setting",
      "name": "appgw_pip_diag",
      "provider": "provider[\"registry.terraform.io/hashicorp/azurerm\"]",
      "instances": [
        {
          "index_key": 0,
          "schema_version": 0,
          "attributes": {
            "enabled_log": [],
            "enabled_metric": [
              {
                "category": "AllMetrics"
              }
            ],
            "eventhub_authorization_rule_id": "",
            "eventhub_name": "",
            "id": "/subscriptions/99b79efe-ebd6-468c-b39f-5669acb259e1/resourceGroups/04-t1-www/providers/Microsoft.Network/publicIPAddresses/www-appgw-pip|appgw-pip-diag",
            "log_analytics_destination_type": "",
            "log_analytics_workspace_id": "/subscriptions/99b79efe-ebd6-468c-b39f-5669acb259e1/resourceGroups/04-t1-www/providers/Microsoft.OperationalInsights/workspaces/www-law",
            "metric": [
              {
                "category": "AllMetrics",
                "enabled": true,
                "retention_policy": [
                  {
                    "days": 0,
                    "enabled": false
                  }
                ]
              }
            ],
            "name": "appgw-pip-diag",
            "partner_solution_id": null,
            "storage_account_id": null,
            "target_resource_id": "/subscriptions/99b79efe-ebd6-468c-b39f-5669acb259e1/resourceGroups/04-t1-www/providers/Microsoft.Network/publicIPAddresses/www-appgw-pip",
            "timeouts": null
          },
          "sensitive_attributes": [],
          "identity_schema_version": 0,
          "private": "eyJlMmJmYjczMC1lY2FhLTExZTYtOGY4OC0zNDM2M2JjN2M0YzAiOnsiY3JlYXRlIjoxODAwMDAwMDAwMDAwLCJkZWxldGUiOjM2MDAwMDAwMDAwMDAsInJlYWQiOjMwMDAwMDAwMDAwMCwidXBkYXRlIjoxODAwMDAwMDAwMDAwfX0=",
          "dependencies": [
            "azurerm_resource_group.rg",
            "module.network_central.azurerm_public_ip.appgw_pip",
            "module.security.azurerm_log_analytics_workspace.law"
          ]
        }
      ]
    },
    {
      "module": "module.network_central",
      "mode": "managed",
      "type": "azurerm_monitor_diagnostic_setting",
      "name": "lb_diag",
      "provider": "provider[\"registry.terraform.io/hashicorp/azurerm\"]",
      "instances": [
        {
          "schema_version": 0,
          "attributes": {
            "enabled_log": [],
            "enabled_metric": [
              {
                "category": "AllMetrics"
              }
            ],
            "eventhub_authorization_rule_id": "",
            "eventhub_name": "",
            "id": "/subscriptions/99b79efe-ebd6-468c-b39f-5669acb259e1/resourceGroups/04-t1-www/providers/Microsoft.Network/loadBalancers/www-lb|lb-diag",
            "log_analytics_destination_type": "",
            "log_analytics_workspace_id": "/subscriptions/99b79efe-ebd6-468c-b39f-5669acb259e1/resourceGroups/04-t1-www/providers/Microsoft.OperationalInsights/workspaces/www-law",
            "metric": [
              {
                "category": "AllMetrics",
                "enabled": true,
                "retention_policy": [
                  {
                    "days": 0,
                    "enabled": false
                  }
                ]
              }
            ],
            "name": "lb-diag",
            "partner_solution_id": null,
            "storage_account_id": null,
            "target_resource_id": "/subscriptions/99b79efe-ebd6-468c-b39f-5669acb259e1/resourceGroups/04-t1-www/providers/Microsoft.Network/loadBalancers/www-lb",
            "timeouts": null
          },
          "sensitive_attributes": [],
          "identity_schema_version": 0,
          "private": "eyJlMmJmYjczMC1lY2FhLTExZTYtOGY4OC0zNDM2M2JjN2M0YzAiOnsiY3JlYXRlIjoxODAwMDAwMDAwMDAwLCJkZWxldGUiOjM2MDAwMDAwMDAwMDAsInJlYWQiOjMwMDAwMDAwMDAwMCwidXBkYXRlIjoxODAwMDAwMDAwMDAwfX0=",
          "dependencies": [
            "azurerm_resource_group.rg",
            "module.network_central.azurerm_lb.vmss_lb",
            "module.network_central.azurerm_public_ip.lb_pip",
            "module.security.azurerm_log_analytics_workspace.law"
          ]
        }
      ]
    },
    {
      "module": "module.network_central",
      "mode": "managed",
      "type": "azurerm_monitor_diagnostic_setting",
      "name": "lb_pip_diag",
      "provider": "provider[\"registry.terraform.io/hashicorp/azurerm\"]",
      "instances": [
        {
          "schema_version": 0,
          "attributes": {
            "enabled_log": [],
            "enabled_metric": [
              {
                "category": "AllMetrics"
              }
            ],
            "eventhub_authorization_rule_id": "",
            "eventhub_name": "",
            "id": "/subscriptions/99b79efe-ebd6-468c-b39f-5669acb259e1/resourceGroups/04-t1-www/providers/Microsoft.Network/publicIPAddresses/www-lb-pip|lb-pip-diag",
            "log_analytics_destination_type": "",
            "log_analytics_workspace_id": "/subscriptions/99b79efe-ebd6-468c-b39f-5669acb259e1/resourceGroups/04-t1-www/providers/Microsoft.OperationalInsights/workspaces/www-law",
            "metric": [
              {
                "category": "AllMetrics",
                "enabled": true,
                "retention_policy": [
                  {
                    "days": 0,
                    "enabled": false
                  }
                ]
              }
            ],
            "name": "lb-pip-diag",
            "partner_solution_id": null,
            "storage_account_id": null,
            "target_resource_id": "/subscriptions/99b79efe-ebd6-468c-b39f-5669acb259e1/resourceGroups/04-t1-www/providers/Microsoft.Network/publicIPAddresses/www-lb-pip",
            "timeouts": null
          },
          "sensitive_attributes": [],
          "identity_schema_version": 0,
          "private": "eyJlMmJmYjczMC1lY2FhLTExZTYtOGY4OC0zNDM2M2JjN2M0YzAiOnsiY3JlYXRlIjoxODAwMDAwMDAwMDAwLCJkZWxldGUiOjM2MDAwMDAwMDAwMDAsInJlYWQiOjMwMDAwMDAwMDAwMCwidXBkYXRlIjoxODAwMDAwMDAwMDAwfX0=",
          "dependencies": [
            "azurerm_resource_group.rg",
            "module.network_central.azurerm_public_ip.lb_pip",
            "module.security.azurerm_log_analytics_workspace.law"
          ]
        }
      ]
    },
    {
      "module": "module.network_central",
      "mode": "managed",
      "type": "azurerm_monitor_diagnostic_setting",
      "name": "was_lb_diag",
      "provider": "provider[\"registry.terraform.io/hashicorp/azurerm\"]",
      "instances": [
        {
          "schema_version": 0,
          "attributes": {
            "enabled_log": [],
            "enabled_metric": [
              {
                "category": "AllMetrics"
              }
            ],
            "eventhub_authorization_rule_id": "",
            "eventhub_name": "",
            "id": "/subscriptions/99b79efe-ebd6-468c-b39f-5669acb259e1/resourceGroups/04-t1-www/providers/Microsoft.Network/loadBalancers/www-was-lb|was-lb-diag",
            "log_analytics_destination_type": "",
            "log_analytics_workspace_id": "/subscriptions/99b79efe-ebd6-468c-b39f-5669acb259e1/resourceGroups/04-t1-www/providers/Microsoft.OperationalInsights/workspaces/www-law",
            "metric": [
              {
                "category": "AllMetrics",
                "enabled": true,
                "retention_policy": [
                  {
                    "days": 0,
                    "enabled": false
                  }
                ]
              }
            ],
            "name": "was-lb-diag",
            "partner_solution_id": null,
            "storage_account_id": null,
            "target_resource_id": "/subscriptions/99b79efe-ebd6-468c-b39f-5669acb259e1/resourceGroups/04-t1-www/providers/Microsoft.Network/loadBalancers/www-was-lb",
            "timeouts": null
          },
          "sensitive_attributes": [],
          "identity_schema_version": 0,
          "private": "eyJlMmJmYjczMC1lY2FhLTExZTYtOGY4OC0zNDM2M2JjN2M0YzAiOnsiY3JlYXRlIjoxODAwMDAwMDAwMDAwLCJkZWxldGUiOjM2MDAwMDAwMDAwMDAsInJlYWQiOjMwMDAwMDAwMDAwMCwidXBkYXRlIjoxODAwMDAwMDAwMDAwfX0=",
          "dependencies": [
            "azurerm_resource_group.rg",
            "module.network_central.azurerm_lb.was_lb",
            "module.network_central.azurerm_subnet.subnets",
            "module.network_central.azurerm_virtual_network.vnet",
            "module.security.azurerm_log_analytics_workspace.law"
          ]
        }
      ]
    },
    {
      "module": "module.network_central",
      "mode": "managed",
      "type": "azurerm_nat_gateway",
      "name": "nat_gw",
      "provider": "provider[\"registry.terraform.io/hashicorp/azurerm\"]",
      "instances": [
        {
          "index_key": 0,
          "schema_version": 0,
          "attributes": {
            "id": "/subscriptions/99b79efe-ebd6-468c-b39f-5669acb259e1/resourceGroups/04-t1-www/providers/Microsoft.Network/natGateways/www-nat",
            "idle_timeout_in_minutes": 10,
            "location": "koreacentral",
            "name": "www-nat",
            "resource_group_name": "04-t1-www",
            "resource_guid": "63c509a4-38b0-4c7a-be3b-885a261049fa",
            "sku_name": "Standard",
            "tags": {
              "Environment": "Production",
              "ManagedBy": "Terraform",
              "Purpose": "NAT-Gateway"
            },
            "timeouts": null,
            "zones": [
              "1"
            ]
          },
          "sensitive_attributes": [],
          "identity_schema_version": 0,
          "identity": {
            "name": "www-nat",
            "resource_group_name": "04-t1-www",
            "subscription_id": "99b79efe-ebd6-468c-b39f-5669acb259e1"
          },
          "private": "eyJlMmJmYjczMC1lY2FhLTExZTYtOGY4OC0zNDM2M2JjN2M0YzAiOnsiY3JlYXRlIjozNjAwMDAwMDAwMDAwLCJkZWxldGUiOjM2MDAwMDAwMDAwMDAsInJlYWQiOjMwMDAwMDAwMDAwMCwidXBkYXRlIjozNjAwMDAwMDAwMDAwfX0=",
          "dependencies": [
            "azurerm_resource_group.rg"
          ]
        }
      ]
    },
    {
      "module": "module.network_central",
      "mode": "managed",
      "type": "azurerm_nat_gateway_public_ip_association",
      "name": "nat_pip_assoc",
      "provider": "provider[\"registry.terraform.io/hashicorp/azurerm\"]",
      "instances": [
        {
          "index_key": 0,
          "schema_version": 0,
          "attributes": {
            "id": "/subscriptions/99b79efe-ebd6-468c-b39f-5669acb259e1/resourceGroups/04-t1-www/providers/Microsoft.Network/natGateways/www-nat|/subscriptions/99b79efe-ebd6-468c-b39f-5669acb259e1/resourceGroups/04-t1-www/providers/Microsoft.Network/publicIPAddresses/www-nat-pip",
            "nat_gateway_id": "/subscriptions/99b79efe-ebd6-468c-b39f-5669acb259e1/resourceGroups/04-t1-www/providers/Microsoft.Network/natGateways/www-nat",
            "public_ip_address_id": "/subscriptions/99b79efe-ebd6-468c-b39f-5669acb259e1/resourceGroups/04-t1-www/providers/Microsoft.Network/publicIPAddresses/www-nat-pip",
            "timeouts": null
          },
          "sensitive_attributes": [],
          "identity_schema_version": 0,
          "private": "eyJlMmJmYjczMC1lY2FhLTExZTYtOGY4OC0zNDM2M2JjN2M0YzAiOnsiY3JlYXRlIjoxODAwMDAwMDAwMDAwLCJkZWxldGUiOjE4MDAwMDAwMDAwMDAsInJlYWQiOjMwMDAwMDAwMDAwMH19",
          "dependencies": [
            "azurerm_resource_group.rg",
            "module.network_central.azurerm_nat_gateway.nat_gw",
            "module.network_central.azurerm_public_ip.nat_pip"
          ]
        }
      ]
    },
    {
      "module": "module.network_central",
      "mode": "managed",
      "type": "azurerm_public_ip",
      "name": "appgw_pip",
      "provider": "provider[\"registry.terraform.io/hashicorp/azurerm\"]",
      "instances": [
        {
          "index_key": 0,
          "schema_version": 0,
          "attributes": {
            "allocation_method": "Static",
            "ddos_protection_mode": "VirtualNetworkInherited",
            "ddos_protection_plan_id": null,
            "domain_name_label": "www-appgw-04-t1-www",
            "domain_name_label_scope": "",
            "edge_zone": "",
            "fqdn": "www-appgw-04-t1-www.koreacentral.cloudapp.azure.com",
            "id": "/subscriptions/99b79efe-ebd6-468c-b39f-5669acb259e1/resourceGroups/04-t1-www/providers/Microsoft.Network/publicIPAddresses/www-appgw-pip",
            "idle_timeout_in_minutes": 4,
            "ip_address": "20.214.122.163",
            "ip_tags": {},
            "ip_version": "IPv4",
            "location": "koreacentral",
            "name": "www-appgw-pip",
            "public_ip_prefix_id": null,
            "resource_group_name": "04-t1-www",
            "reverse_fqdn": "",
            "sku": "Standard",
            "sku_tier": "Regional",
            "tags": {
              "Environment": "Production",
              "ManagedBy": "Terraform",
              "Purpose": "Application-Gateway"
            },
            "timeouts": null,
            "zones": [
              "1",
              "2",
              "3"
            ]
          },
          "sensitive_attributes": [],
          "identity_schema_version": 0,
          "private": "eyJlMmJmYjczMC1lY2FhLTExZTYtOGY4OC0zNDM2M2JjN2M0YzAiOnsiY3JlYXRlIjoxODAwMDAwMDAwMDAwLCJkZWxldGUiOjE4MDAwMDAwMDAwMDAsInJlYWQiOjMwMDAwMDAwMDAwMCwidXBkYXRlIjoxODAwMDAwMDAwMDAwfX0=",
          "dependencies": [
            "azurerm_resource_group.rg"
          ]
        }
      ]
    },
    {
      "module": "module.network_central",
      "mode": "managed",
      "type": "azurerm_public_ip",
      "name": "lb_pip",
      "provider": "provider[\"registry.terraform.io/hashicorp/azurerm\"]",
      "instances": [
        {
          "schema_version": 0,
          "attributes": {
            "allocation_method": "Static",
            "ddos_protection_mode": "VirtualNetworkInherited",
            "ddos_protection_plan_id": null,
            "domain_name_label": "www-lb-koreacentral",
            "domain_name_label_scope": "",
            "edge_zone": "",
            "fqdn": "www-lb-koreacentral.koreacentral.cloudapp.azure.com",
            "id": "/subscriptions/99b79efe-ebd6-468c-b39f-5669acb259e1/resourceGroups/04-t1-www/providers/Microsoft.Network/publicIPAddresses/www-lb-pip",
            "idle_timeout_in_minutes": 4,
            "ip_address": "20.249.158.63",
            "ip_tags": {},
            "ip_version": "IPv4",
            "location": "koreacentral",
            "name": "www-lb-pip",
            "public_ip_prefix_id": null,
            "resource_group_name": "04-t1-www",
            "reverse_fqdn": "",
            "sku": "Standard",
            "sku_tier": "Regional",
            "tags": {
              "Environment": "Production",
              "ManagedBy": "Terraform",
              "Purpose": "Load-Balancer"
            },
            "timeouts": null,
            "zones": [
              "1",
              "2",
              "3"
            ]
          },
          "sensitive_attributes": [],
          "identity_schema_version": 0,
          "private": "eyJlMmJmYjczMC1lY2FhLTExZTYtOGY4OC0zNDM2M2JjN2M0YzAiOnsiY3JlYXRlIjoxODAwMDAwMDAwMDAwLCJkZWxldGUiOjE4MDAwMDAwMDAwMDAsInJlYWQiOjMwMDAwMDAwMDAwMCwidXBkYXRlIjoxODAwMDAwMDAwMDAwfX0=",
          "dependencies": [
            "azurerm_resource_group.rg"
          ]
        }
      ]
    },
    {
      "module": "module.network_central",
      "mode": "managed",
      "type": "azurerm_public_ip",
      "name": "nat_pip",
      "provider": "provider[\"registry.terraform.io/hashicorp/azurerm\"]",
      "instances": [
        {
          "index_key": 0,
          "schema_version": 0,
          "attributes": {
            "allocation_method": "Static",
            "ddos_protection_mode": "VirtualNetworkInherited",
            "ddos_protection_plan_id": null,
            "domain_name_label": null,
            "domain_name_label_scope": null,
            "edge_zone": "",
            "fqdn": null,
            "id": "/subscriptions/99b79efe-ebd6-468c-b39f-5669acb259e1/resourceGroups/04-t1-www/providers/Microsoft.Network/publicIPAddresses/www-nat-pip",
            "idle_timeout_in_minutes": 4,
            "ip_address": "20.196.139.193",
            "ip_tags": {},
            "ip_version": "IPv4",
            "location": "koreacentral",
            "name": "www-nat-pip",
            "public_ip_prefix_id": null,
            "resource_group_name": "04-t1-www",
            "reverse_fqdn": null,
            "sku": "Standard",
            "sku_tier": "Regional",
            "tags": {
              "Environment": "Production",
              "ManagedBy": "Terraform",
              "Purpose": "NAT-Gateway"
            },
            "timeouts": null,
            "zones": [
              "1"
            ]
          },
          "sensitive_attributes": [],
          "identity_schema_version": 0,
          "private": "eyJlMmJmYjczMC1lY2FhLTExZTYtOGY4OC0zNDM2M2JjN2M0YzAiOnsiY3JlYXRlIjoxODAwMDAwMDAwMDAwLCJkZWxldGUiOjE4MDAwMDAwMDAwMDAsInJlYWQiOjMwMDAwMDAwMDAwMCwidXBkYXRlIjoxODAwMDAwMDAwMDAwfX0=",
          "dependencies": [
            "azurerm_resource_group.rg"
          ]
        }
      ]
    },
    {
      "module": "module.network_central",
      "mode": "managed",
      "type": "azurerm_route_table",
      "name": "appgw_rt",
      "provider": "provider[\"registry.terraform.io/hashicorp/azurerm\"]",
      "instances": [
        {
          "schema_version": 0,
          "attributes": {
            "bgp_route_propagation_enabled": true,
            "id": "/subscriptions/99b79efe-ebd6-468c-b39f-5669acb259e1/resourceGroups/04-t1-www/providers/Microsoft.Network/routeTables/appgw-rt",
            "location": "koreacentral",
            "name": "appgw-rt",
            "resource_group_name": "04-t1-www",
            "route": [
              {
                "address_prefix": "10.0.0.0/8",
                "name": "to-firewall-10",
                "next_hop_in_ip_address": "10.1.0.4",
                "next_hop_type": "VirtualAppliance"
              },
              {
                "address_prefix": "172.16.0.0/12",
                "name": "to-firewall-172",
                "next_hop_in_ip_address": "10.1.0.4",
                "next_hop_type": "VirtualAppliance"
              },
              {
                "address_prefix": "192.168.0.0/16",
                "name": "to-firewall-192",
                "next_hop_in_ip_address": "10.1.0.4",
                "next_hop_type": "VirtualAppliance"
              },
              {
                "address_prefix": "192.168.1.0/24",
                "name": "to-web-direct",
                "next_hop_in_ip_address": "",
                "next_hop_type": "VnetLocal"
              },
              {
                "address_prefix": "192.168.5.0/24",
                "name": "to-was-direct",
                "next_hop_in_ip_address": "",
                "next_hop_type": "VnetLocal"
              }
            ],
            "subnets": [],
            "tags": {
              "Environment": "Production",
              "ManagedBy": "Terraform",
              "Purpose": "AppGw-Routing"
            },
            "timeouts": null
          },
          "sensitive_attributes": [],
          "identity_schema_version": 0,
          "identity": {
            "name": "appgw-rt",
            "resource_group_name": "04-t1-www",
            "subscription_id": "99b79efe-ebd6-468c-b39f-5669acb259e1"
          },
          "private": "eyJlMmJmYjczMC1lY2FhLTExZTYtOGY4OC0zNDM2M2JjN2M0YzAiOnsiY3JlYXRlIjoxODAwMDAwMDAwMDAwLCJkZWxldGUiOjE4MDAwMDAwMDAwMDAsInJlYWQiOjMwMDAwMDAwMDAwMCwidXBkYXRlIjoxODAwMDAwMDAwMDAwfX0=",
          "dependencies": [
            "azurerm_resource_group.rg",
            "module.hub.azurerm_firewall.hub_fw",
            "module.hub.azurerm_firewall_policy.fw_policy",
            "module.hub.azurerm_public_ip.fw_pip",
            "module.hub.azurerm_subnet.fw_subnet",
            "module.hub.azurerm_virtual_network.hub_vnet"
          ]
        }
      ]
    },
    {
      "module": "module.network_central",
      "mode": "managed",
      "type": "azurerm_route_table",
      "name": "spoke_rt",
      "provider": "provider[\"registry.terraform.io/hashicorp/azurerm\"]",
      "instances": [
        {
          "schema_version": 0,
          "attributes": {
            "bgp_route_propagation_enabled": true,
            "id": "/subscriptions/99b79efe-ebd6-468c-b39f-5669acb259e1/resourceGroups/04-t1-www/providers/Microsoft.Network/routeTables/spoke-rt",
            "location": "koreacentral",
            "name": "spoke-rt",
            "resource_group_name": "04-t1-www",
            "route": [
              {
                "address_prefix": "0.0.0.0/0",
                "name": "to-firewall",
                "next_hop_in_ip_address": "10.1.0.4",
                "next_hop_type": "VirtualAppliance"
              },
              {
                "address_prefix": "10.0.0.0/16",
                "name": "to-vnet-10",
                "next_hop_in_ip_address": "",
                "next_hop_type": "VnetLocal"
              },
              {
                "address_prefix": "172.16.0.0/16",
                "name": "to-vnet-172",
                "next_hop_in_ip_address": "",
                "next_hop_type": "VnetLocal"
              },
              {
                "address_prefix": "192.168.0.0/16",
                "name": "to-vnet-192",
                "next_hop_in_ip_address": "",
                "next_hop_type": "VnetLocal"
              },
              {
                "address_prefix": "211.227.107.208/32",
                "name": "to-admin-direct",
                "next_hop_in_ip_address": "",
                "next_hop_type": "Internet"
              }
            ],
            "subnets": [
              "/subscriptions/99b79efe-ebd6-468c-b39f-5669acb259e1/resourceGroups/04-t1-www/providers/Microsoft.Network/virtualNetworks/vnet0/subnets/www-was",
              "/subscriptions/99b79efe-ebd6-468c-b39f-5669acb259e1/resourceGroups/04-t1-www/providers/Microsoft.Network/virtualNetworks/vnet0/subnets/www-web"
            ],
            "tags": {
              "Environment": "Production",
              "ManagedBy": "Terraform",
              "Purpose": "Data-Exfiltration-Prevention"
            },
            "timeouts": null
          },
          "sensitive_attributes": [],
          "identity_schema_version": 0,
          "identity": {
            "name": "spoke-rt",
            "resource_group_name": "04-t1-www",
            "subscription_id": "99b79efe-ebd6-468c-b39f-5669acb259e1"
          },
          "private": "eyJlMmJmYjczMC1lY2FhLTExZTYtOGY4OC0zNDM2M2JjN2M0YzAiOnsiY3JlYXRlIjoxODAwMDAwMDAwMDAwLCJkZWxldGUiOjE4MDAwMDAwMDAwMDAsInJlYWQiOjMwMDAwMDAwMDAwMCwidXBkYXRlIjoxODAwMDAwMDAwMDAwfX0=",
          "dependencies": [
            "azurerm_resource_group.rg",
            "module.hub.azurerm_firewall.hub_fw",
            "module.hub.azurerm_firewall_policy.fw_policy",
            "module.hub.azurerm_public_ip.fw_pip",
            "module.hub.azurerm_subnet.fw_subnet",
            "module.hub.azurerm_virtual_network.hub_vnet"
          ]
        }
      ]
    },
    {
      "module": "module.network_central",
      "mode": "managed",
      "type": "azurerm_subnet",
      "name": "subnets",
      "provider": "provider[\"registry.terraform.io/hashicorp/azurerm\"]",
      "instances": [
        {
          "index_key": "www-acr",
          "schema_version": 0,
          "attributes": {
            "address_prefixes": [
              "192.168.2.0/24"
            ],
            "default_outbound_access_enabled": true,
            "delegation": [],
            "id": "/subscriptions/99b79efe-ebd6-468c-b39f-5669acb259e1/resourceGroups/04-t1-www/providers/Microsoft.Network/virtualNetworks/vnet0/subnets/www-acr",
            "ip_address_pool": [],
            "name": "www-acr",
            "private_endpoint_network_policies": "Enabled",
            "private_link_service_network_policies_enabled": true,
            "resource_group_name": "04-t1-www",
            "service_endpoint_policy_ids": [],
            "service_endpoints": [],
            "sharing_scope": "",
            "timeouts": null,
            "virtual_network_name": "vnet0"
          },
          "sensitive_attributes": [],
          "identity_schema_version": 0,
          "identity": {
            "name": "www-acr",
            "resource_group_name": "04-t1-www",
            "subscription_id": "99b79efe-ebd6-468c-b39f-5669acb259e1",
            "virtual_network_name": "vnet0"
          },
          "private": "eyJlMmJmYjczMC1lY2FhLTExZTYtOGY4OC0zNDM2M2JjN2M0YzAiOnsiY3JlYXRlIjoxODAwMDAwMDAwMDAwLCJkZWxldGUiOjE4MDAwMDAwMDAwMDAsInJlYWQiOjMwMDAwMDAwMDAwMCwidXBkYXRlIjoxODAwMDAwMDAwMDAwfX0=",
          "dependencies": [
            "azurerm_resource_group.rg",
            "module.network_central.azurerm_virtual_network.vnet"
          ]
        },
        {
          "index_key": "www-appgw",
          "schema_version": 0,
          "attributes": {
            "address_prefixes": [
              "192.168.3.0/24"
            ],
            "default_outbound_access_enabled": true,
            "delegation": [],
            "id": "/subscriptions/99b79efe-ebd6-468c-b39f-5669acb259e1/resourceGroups/04-t1-www/providers/Microsoft.Network/virtualNetworks/vnet0/subnets/www-appgw",
            "ip_address_pool": [],
            "name": "www-appgw",
            "private_endpoint_network_policies": "Enabled",
            "private_link_service_network_policies_enabled": true,
            "resource_group_name": "04-t1-www",
            "service_endpoint_policy_ids": [],
            "service_endpoints": [],
            "sharing_scope": "",
            "timeouts": null,
            "virtual_network_name": "vnet0"
          },
          "sensitive_attributes": [],
          "identity_schema_version": 0,
          "identity": {
            "name": "www-appgw",
            "resource_group_name": "04-t1-www",
            "subscription_id": "99b79efe-ebd6-468c-b39f-5669acb259e1",
            "virtual_network_name": "vnet0"
          },
          "private": "eyJlMmJmYjczMC1lY2FhLTExZTYtOGY4OC0zNDM2M2JjN2M0YzAiOnsiY3JlYXRlIjoxODAwMDAwMDAwMDAwLCJkZWxldGUiOjE4MDAwMDAwMDAwMDAsInJlYWQiOjMwMDAwMDAwMDAwMCwidXBkYXRlIjoxODAwMDAwMDAwMDAwfX0=",
          "dependencies": [
            "azurerm_resource_group.rg",
            "module.network_central.azurerm_virtual_network.vnet"
          ]
        },
        {
          "index_key": "www-db",
          "schema_version": 0,
          "attributes": {
            "address_prefixes": [
              "172.16.1.0/24"
            ],
            "default_outbound_access_enabled": false,
            "delegation": [],
            "id": "/subscriptions/99b79efe-ebd6-468c-b39f-5669acb259e1/resourceGroups/04-t1-www/providers/Microsoft.Network/virtualNetworks/vnet0/subnets/www-db",
            "ip_address_pool": [],
            "name": "www-db",
            "private_endpoint_network_policies": "Disabled",
            "private_link_service_network_policies_enabled": true,
            "resource_group_name": "04-t1-www",
            "service_endpoint_policy_ids": [],
            "service_endpoints": [],
            "sharing_scope": "",
            "timeouts": null,
            "virtual_network_name": "vnet0"
          },
          "sensitive_attributes": [],
          "identity_schema_version": 0,
          "identity": {
            "name": "www-db",
            "resource_group_name": "04-t1-www",
            "subscription_id": "99b79efe-ebd6-468c-b39f-5669acb259e1",
            "virtual_network_name": "vnet0"
          },
          "private": "eyJlMmJmYjczMC1lY2FhLTExZTYtOGY4OC0zNDM2M2JjN2M0YzAiOnsiY3JlYXRlIjoxODAwMDAwMDAwMDAwLCJkZWxldGUiOjE4MDAwMDAwMDAwMDAsInJlYWQiOjMwMDAwMDAwMDAwMCwidXBkYXRlIjoxODAwMDAwMDAwMDAwfX0=",
          "dependencies": [
            "azurerm_resource_group.rg",
            "module.network_central.azurerm_virtual_network.vnet"
          ]
        },
        {
          "index_key": "www-mail",
          "schema_version": 0,
          "attributes": {
            "address_prefixes": [
              "192.168.6.0/24"
            ],
            "default_outbound_access_enabled": true,
            "delegation": [],
            "id": "/subscriptions/99b79efe-ebd6-468c-b39f-5669acb259e1/resourceGroups/04-t1-www/providers/Microsoft.Network/virtualNetworks/vnet0/subnets/www-mail",
            "ip_address_pool": [],
            "name": "www-mail",
            "private_endpoint_network_policies": "Enabled",
            "private_link_service_network_policies_enabled": true,
            "resource_group_name": "04-t1-www",
            "service_endpoint_policy_ids": [],
            "service_endpoints": [
              "Microsoft.KeyVault"
            ],
            "sharing_scope": "",
            "timeouts": null,
            "virtual_network_name": "vnet0"
          },
          "sensitive_attributes": [],
          "identity_schema_version": 0,
          "identity": {
            "name": "www-mail",
            "resource_group_name": "04-t1-www",
            "subscription_id": "99b79efe-ebd6-468c-b39f-5669acb259e1",
            "virtual_network_name": "vnet0"
          },
          "private": "eyJlMmJmYjczMC1lY2FhLTExZTYtOGY4OC0zNDM2M2JjN2M0YzAiOnsiY3JlYXRlIjoxODAwMDAwMDAwMDAwLCJkZWxldGUiOjE4MDAwMDAwMDAwMDAsInJlYWQiOjMwMDAwMDAwMDAwMCwidXBkYXRlIjoxODAwMDAwMDAwMDAwfX0=",
          "dependencies": [
            "azurerm_resource_group.rg",
            "module.network_central.azurerm_virtual_network.vnet"
          ]
        },
        {
          "index_key": "www-stor",
          "schema_version": 0,
          "attributes": {
            "address_prefixes": [
              "172.16.2.0/24"
            ],
            "default_outbound_access_enabled": false,
            "delegation": [],
            "id": "/subscriptions/99b79efe-ebd6-468c-b39f-5669acb259e1/resourceGroups/04-t1-www/providers/Microsoft.Network/virtualNetworks/vnet0/subnets/www-stor",
            "ip_address_pool": [],
            "name": "www-stor",
            "private_endpoint_network_policies": "Enabled",
            "private_link_service_network_policies_enabled": true,
            "resource_group_name": "04-t1-www",
            "service_endpoint_policy_ids": [],
            "service_endpoints": [
              "Microsoft.Storage"
            ],
            "sharing_scope": "",
            "timeouts": null,
            "virtual_network_name": "vnet0"
          },
          "sensitive_attributes": [],
          "identity_schema_version": 0,
          "identity": {
            "name": "www-stor",
            "resource_group_name": "04-t1-www",
            "subscription_id": "99b79efe-ebd6-468c-b39f-5669acb259e1",
            "virtual_network_name": "vnet0"
          },
          "private": "eyJlMmJmYjczMC1lY2FhLTExZTYtOGY4OC0zNDM2M2JjN2M0YzAiOnsiY3JlYXRlIjoxODAwMDAwMDAwMDAwLCJkZWxldGUiOjE4MDAwMDAwMDAwMDAsInJlYWQiOjMwMDAwMDAwMDAwMCwidXBkYXRlIjoxODAwMDAwMDAwMDAwfX0=",
          "dependencies": [
            "azurerm_resource_group.rg",
            "module.network_central.azurerm_virtual_network.vnet"
          ]
        },
        {
          "index_key": "www-was",
          "schema_version": 0,
          "attributes": {
            "address_prefixes": [
              "192.168.5.0/24"
            ],
            "default_outbound_access_enabled": false,
            "delegation": [],
            "id": "/subscriptions/99b79efe-ebd6-468c-b39f-5669acb259e1/resourceGroups/04-t1-www/providers/Microsoft.Network/virtualNetworks/vnet0/subnets/www-was",
            "ip_address_pool": [],
            "name": "www-was",
            "private_endpoint_network_policies": "Enabled",
            "private_link_service_network_policies_enabled": true,
            "resource_group_name": "04-t1-www",
            "service_endpoint_policy_ids": [],
            "service_endpoints": [
              "Microsoft.KeyVault"
            ],
            "sharing_scope": "",
            "timeouts": null,
            "virtual_network_name": "vnet0"
          },
          "sensitive_attributes": [],
          "identity_schema_version": 0,
          "identity": {
            "name": "www-was",
            "resource_group_name": "04-t1-www",
            "subscription_id": "99b79efe-ebd6-468c-b39f-5669acb259e1",
            "virtual_network_name": "vnet0"
          },
          "private": "eyJlMmJmYjczMC1lY2FhLTExZTYtOGY4OC0zNDM2M2JjN2M0YzAiOnsiY3JlYXRlIjoxODAwMDAwMDAwMDAwLCJkZWxldGUiOjE4MDAwMDAwMDAwMDAsInJlYWQiOjMwMDAwMDAwMDAwMCwidXBkYXRlIjoxODAwMDAwMDAwMDAwfX0=",
          "dependencies": [
            "azurerm_resource_group.rg",
            "module.network_central.azurerm_virtual_network.vnet"
          ]
        },
        {
          "index_key": "www-web",
          "schema_version": 0,
          "attributes": {
            "address_prefixes": [
              "192.168.1.0/24"
            ],
            "default_outbound_access_enabled": false,
            "delegation": [],
            "id": "/subscriptions/99b79efe-ebd6-468c-b39f-5669acb259e1/resourceGroups/04-t1-www/providers/Microsoft.Network/virtualNetworks/vnet0/subnets/www-web",
            "ip_address_pool": [],
            "name": "www-web",
            "private_endpoint_network_policies": "Enabled",
            "private_link_service_network_policies_enabled": true,
            "resource_group_name": "04-t1-www",
            "service_endpoint_policy_ids": [],
            "service_endpoints": [
              "Microsoft.KeyVault"
            ],
            "sharing_scope": "",
            "timeouts": null,
            "virtual_network_name": "vnet0"
          },
          "sensitive_attributes": [],
          "identity_schema_version": 0,
          "identity": {
            "name": "www-web",
            "resource_group_name": "04-t1-www",
            "subscription_id": "99b79efe-ebd6-468c-b39f-5669acb259e1",
            "virtual_network_name": "vnet0"
          },
          "private": "eyJlMmJmYjczMC1lY2FhLTExZTYtOGY4OC0zNDM2M2JjN2M0YzAiOnsiY3JlYXRlIjoxODAwMDAwMDAwMDAwLCJkZWxldGUiOjE4MDAwMDAwMDAwMDAsInJlYWQiOjMwMDAwMDAwMDAwMCwidXBkYXRlIjoxODAwMDAwMDAwMDAwfX0=",
          "dependencies": [
            "azurerm_resource_group.rg",
            "module.network_central.azurerm_virtual_network.vnet"
          ]
        }
      ]
    },
    {
      "module": "module.network_central",
      "mode": "managed",
      "type": "azurerm_subnet_nat_gateway_association",
      "name": "nat_was_assoc",
      "provider": "provider[\"registry.terraform.io/hashicorp/azurerm\"]",
      "instances": [
        {
          "index_key": 0,
          "schema_version": 0,
          "attributes": {
            "id": "/subscriptions/99b79efe-ebd6-468c-b39f-5669acb259e1/resourceGroups/04-t1-www/providers/Microsoft.Network/virtualNetworks/vnet0/subnets/www-was",
            "nat_gateway_id": "/subscriptions/99b79efe-ebd6-468c-b39f-5669acb259e1/resourceGroups/04-t1-www/providers/Microsoft.Network/natGateways/www-nat",
            "subnet_id": "/subscriptions/99b79efe-ebd6-468c-b39f-5669acb259e1/resourceGroups/04-t1-www/providers/Microsoft.Network/virtualNetworks/vnet0/subnets/www-was",
            "timeouts": null
          },
          "sensitive_attributes": [],
          "identity_schema_version": 0,
          "private": "eyJlMmJmYjczMC1lY2FhLTExZTYtOGY4OC0zNDM2M2JjN2M0YzAiOnsiY3JlYXRlIjoxODAwMDAwMDAwMDAwLCJkZWxldGUiOjE4MDAwMDAwMDAwMDAsInJlYWQiOjMwMDAwMDAwMDAwMH19",
          "dependencies": [
            "azurerm_resource_group.rg",
            "module.network_central.azurerm_nat_gateway.nat_gw",
            "module.network_central.azurerm_subnet.subnets",
            "module.network_central.azurerm_virtual_network.vnet"
          ]
        }
      ]
    },
    {
      "module": "module.network_central",
      "mode": "managed",
      "type": "azurerm_subnet_nat_gateway_association",
      "name": "nat_web_assoc",
      "provider": "provider[\"registry.terraform.io/hashicorp/azurerm\"]",
      "instances": [
        {
          "index_key": 0,
          "schema_version": 0,
          "attributes": {
            "id": "/subscriptions/99b79efe-ebd6-468c-b39f-5669acb259e1/resourceGroups/04-t1-www/providers/Microsoft.Network/virtualNetworks/vnet0/subnets/www-web",
            "nat_gateway_id": "/subscriptions/99b79efe-ebd6-468c-b39f-5669acb259e1/resourceGroups/04-t1-www/providers/Microsoft.Network/natGateways/www-nat",
            "subnet_id": "/subscriptions/99b79efe-ebd6-468c-b39f-5669acb259e1/resourceGroups/04-t1-www/providers/Microsoft.Network/virtualNetworks/vnet0/subnets/www-web",
            "timeouts": null
          },
          "sensitive_attributes": [],
          "identity_schema_version": 0,
          "private": "eyJlMmJmYjczMC1lY2FhLTExZTYtOGY4OC0zNDM2M2JjN2M0YzAiOnsiY3JlYXRlIjoxODAwMDAwMDAwMDAwLCJkZWxldGUiOjE4MDAwMDAwMDAwMDAsInJlYWQiOjMwMDAwMDAwMDAwMH19",
          "dependencies": [
            "azurerm_resource_group.rg",
            "module.network_central.azurerm_nat_gateway.nat_gw",
            "module.network_central.azurerm_subnet.subnets",
            "module.network_central.azurerm_virtual_network.vnet"
          ]
        }
      ]
    },
    {
      "module": "module.network_central",
      "mode": "managed",
      "type": "azurerm_subnet_route_table_association",
      "name": "was_rt_assoc",
      "provider": "provider[\"registry.terraform.io/hashicorp/azurerm\"]",
      "instances": [
        {
          "schema_version": 0,
          "attributes": {
            "id": "/subscriptions/99b79efe-ebd6-468c-b39f-5669acb259e1/resourceGroups/04-t1-www/providers/Microsoft.Network/virtualNetworks/vnet0/subnets/www-was",
            "route_table_id": "/subscriptions/99b79efe-ebd6-468c-b39f-5669acb259e1/resourceGroups/04-t1-www/providers/Microsoft.Network/routeTables/spoke-rt",
            "subnet_id": "/subscriptions/99b79efe-ebd6-468c-b39f-5669acb259e1/resourceGroups/04-t1-www/providers/Microsoft.Network/virtualNetworks/vnet0/subnets/www-was",
            "timeouts": null
          },
          "sensitive_attributes": [],
          "identity_schema_version": 0,
          "private": "eyJlMmJmYjczMC1lY2FhLTExZTYtOGY4OC0zNDM2M2JjN2M0YzAiOnsiY3JlYXRlIjoxODAwMDAwMDAwMDAwLCJkZWxldGUiOjE4MDAwMDAwMDAwMDAsInJlYWQiOjMwMDAwMDAwMDAwMH19",
          "dependencies": [
            "azurerm_resource_group.rg",
            "module.hub.azurerm_firewall.hub_fw",
            "module.hub.azurerm_firewall_policy.fw_policy",
            "module.hub.azurerm_public_ip.fw_pip",
            "module.hub.azurerm_subnet.fw_subnet",
            "module.hub.azurerm_virtual_network.hub_vnet",
            "module.network_central.azurerm_route_table.spoke_rt",
            "module.network_central.azurerm_subnet.subnets",
            "module.network_central.azurerm_virtual_network.vnet"
          ]
        }
      ]
    },
    {
      "module": "module.network_central",
      "mode": "managed",
      "type": "azurerm_subnet_route_table_association",
      "name": "web_rt_assoc",
      "provider": "provider[\"registry.terraform.io/hashicorp/azurerm\"]",
      "instances": [
        {
          "schema_version": 0,
          "attributes": {
            "id": "/subscriptions/99b79efe-ebd6-468c-b39f-5669acb259e1/resourceGroups/04-t1-www/providers/Microsoft.Network/virtualNetworks/vnet0/subnets/www-web",
            "route_table_id": "/subscriptions/99b79efe-ebd6-468c-b39f-5669acb259e1/resourceGroups/04-t1-www/providers/Microsoft.Network/routeTables/spoke-rt",
            "subnet_id": "/subscriptions/99b79efe-ebd6-468c-b39f-5669acb259e1/resourceGroups/04-t1-www/providers/Microsoft.Network/virtualNetworks/vnet0/subnets/www-web",
            "timeouts": null
          },
          "sensitive_attributes": [],
          "identity_schema_version": 0,
          "private": "eyJlMmJmYjczMC1lY2FhLTExZTYtOGY4OC0zNDM2M2JjN2M0YzAiOnsiY3JlYXRlIjoxODAwMDAwMDAwMDAwLCJkZWxldGUiOjE4MDAwMDAwMDAwMDAsInJlYWQiOjMwMDAwMDAwMDAwMH19",
          "dependencies": [
            "azurerm_resource_group.rg",
            "module.hub.azurerm_firewall.hub_fw",
            "module.hub.azurerm_firewall_policy.fw_policy",
            "module.hub.azurerm_public_ip.fw_pip",
            "module.hub.azurerm_subnet.fw_subnet",
            "module.hub.azurerm_virtual_network.hub_vnet",
            "module.network_central.azurerm_route_table.spoke_rt",
            "module.network_central.azurerm_subnet.subnets",
            "module.network_central.azurerm_virtual_network.vnet"
          ]
        }
      ]
    },
    {
      "module": "module.network_central",
      "mode": "managed",
      "type": "azurerm_traffic_manager_azure_endpoint",
      "name": "www_tm_endpoint_primary",
      "provider": "provider[\"registry.terraform.io/hashicorp/azurerm\"]",
      "instances": [
        {
          "schema_version": 0,
          "attributes": {
            "always_serve_enabled": false,
            "custom_header": [],
            "enabled": true,
            "geo_mappings": [],
            "id": "/subscriptions/99b79efe-ebd6-468c-b39f-5669acb259e1/resourceGroups/04-t1-www/providers/Microsoft.Network/trafficManagerProfiles/www-tm-yn9mfk/AzureEndpoints/www-tm-endpoint-primary",
            "name": "www-tm-endpoint-primary",
            "priority": 1,
            "profile_id": "/subscriptions/99b79efe-ebd6-468c-b39f-5669acb259e1/resourceGroups/04-t1-www/providers/Microsoft.Network/trafficManagerProfiles/www-tm-yn9mfk",
            "subnet": [],
            "target_resource_id": "/subscriptions/99b79efe-ebd6-468c-b39f-5669acb259e1/resourceGroups/04-t1-www/providers/Microsoft.Network/publicIPAddresses/www-appgw-pip",
            "timeouts": null,
            "weight": 100
          },
          "sensitive_attributes": [],
          "identity_schema_version": 0,
          "private": "eyJlMmJmYjczMC1lY2FhLTExZTYtOGY4OC0zNDM2M2JjN2M0YzAiOnsiY3JlYXRlIjoxODAwMDAwMDAwMDAwLCJkZWxldGUiOjE4MDAwMDAwMDAwMDAsInJlYWQiOjMwMDAwMDAwMDAwMCwidXBkYXRlIjoxODAwMDAwMDAwMDAwfX0=",
          "dependencies": [
            "azurerm_resource_group.rg",
            "module.network_central.azurerm_public_ip.appgw_pip",
            "module.network_central.azurerm_traffic_manager_profile.www_tm",
            "module.network_central.random_string.tm_suffix"
          ]
        }
      ]
    },
    {
      "module": "module.network_central",
      "mode": "managed",
      "type": "azurerm_traffic_manager_profile",
      "name": "www_tm",
      "provider": "provider[\"registry.terraform.io/hashicorp/azurerm\"]",
      "instances": [
        {
          "schema_version": 0,
          "attributes": {
            "dns_config": [
              {
                "relative_name": "www-tm-yn9mfk",
                "ttl": 60
              }
            ],
            "fqdn": "www-tm-yn9mfk.trafficmanager.net",
            "id": "/subscriptions/99b79efe-ebd6-468c-b39f-5669acb259e1/resourceGroups/04-t1-www/providers/Microsoft.Network/trafficManagerProfiles/www-tm-yn9mfk",
            "max_return": 0,
            "monitor_config": [
              {
                "custom_header": [],
                "expected_status_code_ranges": [],
                "interval_in_seconds": 30,
                "path": "/",
                "port": 443,
                "protocol": "HTTPS",
                "timeout_in_seconds": 9,
                "tolerated_number_of_failures": 3
              }
            ],
            "name": "www-tm-yn9mfk",
            "profile_status": "Enabled",
            "resource_group_name": "04-t1-www",
            "tags": {
              "Environment": "Production",
              "ManagedBy": "Terraform",
              "Purpose": "Global-Traffic-Management"
            },
            "timeouts": null,
            "traffic_routing_method": "Priority",
            "traffic_view_enabled": false
          },
          "sensitive_attributes": [],
          "identity_schema_version": 0,
          "private": "eyJlMmJmYjczMC1lY2FhLTExZTYtOGY4OC0zNDM2M2JjN2M0YzAiOnsiY3JlYXRlIjoxODAwMDAwMDAwMDAwLCJkZWxldGUiOjE4MDAwMDAwMDAwMDAsInJlYWQiOjMwMDAwMDAwMDAwMCwidXBkYXRlIjoxODAwMDAwMDAwMDAwfX0=",
          "dependencies": [
            "azurerm_resource_group.rg",
            "module.network_central.random_string.tm_suffix"
          ]
        }
      ]
    },
    {
      "module": "module.network_central",
      "mode": "managed",
      "type": "azurerm_virtual_network",
      "name": "vnet",
      "provider": "provider[\"registry.terraform.io/hashicorp/azurerm\"]",
      "instances": [
        {
          "schema_version": 0,
          "attributes": {
            "address_space": [
              "10.0.0.0/16",
              "172.16.0.0/16",
              "192.168.0.0/16"
            ],
            "bgp_community": "",
            "ddos_protection_plan": [],
            "dns_servers": [],
            "edge_zone": "",
            "encryption": [],
            "flow_timeout_in_minutes": 0,
            "guid": "64427399-0e3b-4fda-84c5-e9694d4d9307",
            "id": "/subscriptions/99b79efe-ebd6-468c-b39f-5669acb259e1/resourceGroups/04-t1-www/providers/Microsoft.Network/virtualNetworks/vnet0",
            "ip_address_pool": [],
            "location": "koreacentral",
            "name": "vnet0",
            "private_endpoint_vnet_policies": "Disabled",
            "resource_group_name": "04-t1-www",
            "subnet": [
              {
                "address_prefixes": [
                  "172.16.1.0/24"
                ],
                "default_outbound_access_enabled": false,
                "delegation": [],
                "id": "/subscriptions/99b79efe-ebd6-468c-b39f-5669acb259e1/resourceGroups/04-t1-www/providers/Microsoft.Network/virtualNetworks/vnet0/subnets/www-db",
                "name": "www-db",
                "private_endpoint_network_policies": "Disabled",
                "private_link_service_network_policies_enabled": true,
                "route_table_id": "",
                "security_group": "/subscriptions/99b79efe-ebd6-468c-b39f-5669acb259e1/resourceGroups/04-t1-www/providers/Microsoft.Network/networkSecurityGroups/www-nsg-db",
                "service_endpoint_policy_ids": [],
                "service_endpoints": []
              },
              {
                "address_prefixes": [
                  "172.16.2.0/24"
                ],
                "default_outbound_access_enabled": false,
                "delegation": [],
                "id": "/subscriptions/99b79efe-ebd6-468c-b39f-5669acb259e1/resourceGroups/04-t1-www/providers/Microsoft.Network/virtualNetworks/vnet0/subnets/www-stor",
                "name": "www-stor",
                "private_endpoint_network_policies": "Enabled",
                "private_link_service_network_policies_enabled": true,
                "route_table_id": "",
                "security_group": "/subscriptions/99b79efe-ebd6-468c-b39f-5669acb259e1/resourceGroups/04-t1-www/providers/Microsoft.Network/networkSecurityGroups/www-nsg-db",
                "service_endpoint_policy_ids": [],
                "service_endpoints": [
                  "Microsoft.Storage"
                ]
              },
              {
                "address_prefixes": [
                  "192.168.1.0/24"
                ],
                "default_outbound_access_enabled": false,
                "delegation": [],
                "id": "/subscriptions/99b79efe-ebd6-468c-b39f-5669acb259e1/resourceGroups/04-t1-www/providers/Microsoft.Network/virtualNetworks/vnet0/subnets/www-web",
                "name": "www-web",
                "private_endpoint_network_policies": "Enabled",
                "private_link_service_network_policies_enabled": true,
                "route_table_id": "/subscriptions/99b79efe-ebd6-468c-b39f-5669acb259e1/resourceGroups/04-t1-www/providers/Microsoft.Network/routeTables/spoke-rt",
                "security_group": "/subscriptions/99b79efe-ebd6-468c-b39f-5669acb259e1/resourceGroups/04-t1-www/providers/Microsoft.Network/networkSecurityGroups/www-nsg-http",
                "service_endpoint_policy_ids": [],
                "service_endpoints": [
                  "Microsoft.KeyVault"
                ]
              },
              {
                "address_prefixes": [
                  "192.168.2.0/24"
                ],
                "default_outbound_access_enabled": true,
                "delegation": [],
                "id": "/subscriptions/99b79efe-ebd6-468c-b39f-5669acb259e1/resourceGroups/04-t1-www/providers/Microsoft.Network/virtualNetworks/vnet0/subnets/www-acr",
                "name": "www-acr",
                "private_endpoint_network_policies": "Enabled",
                "private_link_service_network_policies_enabled": true,
                "route_table_id": "",
                "security_group": "/subscriptions/99b79efe-ebd6-468c-b39f-5669acb259e1/resourceGroups/04-t1-www/providers/Microsoft.Network/networkSecurityGroups/www-nsg-http",
                "service_endpoint_policy_ids": [],
                "service_endpoints": []
              },
              {
                "address_prefixes": [
                  "192.168.3.0/24"
                ],
                "default_outbound_access_enabled": true,
                "delegation": [],
                "id": "/subscriptions/99b79efe-ebd6-468c-b39f-5669acb259e1/resourceGroups/04-t1-www/providers/Microsoft.Network/virtualNetworks/vnet0/subnets/www-appgw",
                "name": "www-appgw",
                "private_endpoint_network_policies": "Enabled",
                "private_link_service_network_policies_enabled": true,
                "route_table_id": "",
                "security_group": "/subscriptions/99b79efe-ebd6-468c-b39f-5669acb259e1/resourceGroups/04-t1-www/providers/Microsoft.Network/networkSecurityGroups/www-nsg-appgw",
                "service_endpoint_policy_ids": [],
                "service_endpoints": []
              },
              {
                "address_prefixes": [
                  "192.168.5.0/24"
                ],
                "default_outbound_access_enabled": false,
                "delegation": [],
                "id": "/subscriptions/99b79efe-ebd6-468c-b39f-5669acb259e1/resourceGroups/04-t1-www/providers/Microsoft.Network/virtualNetworks/vnet0/subnets/www-was",
                "name": "www-was",
                "private_endpoint_network_policies": "Enabled",
                "private_link_service_network_policies_enabled": true,
                "route_table_id": "/subscriptions/99b79efe-ebd6-468c-b39f-5669acb259e1/resourceGroups/04-t1-www/providers/Microsoft.Network/routeTables/spoke-rt",
                "security_group": "/subscriptions/99b79efe-ebd6-468c-b39f-5669acb259e1/resourceGroups/04-t1-www/providers/Microsoft.Network/networkSecurityGroups/www-nsg-http",
                "service_endpoint_policy_ids": [],
                "service_endpoints": [
                  "Microsoft.KeyVault"
                ]
              },
              {
                "address_prefixes": [
                  "192.168.6.0/24"
                ],
                "default_outbound_access_enabled": true,
                "delegation": [],
                "id": "/subscriptions/99b79efe-ebd6-468c-b39f-5669acb259e1/resourceGroups/04-t1-www/providers/Microsoft.Network/virtualNetworks/vnet0/subnets/www-mail",
                "name": "www-mail",
                "private_endpoint_network_policies": "Enabled",
                "private_link_service_network_policies_enabled": true,
                "route_table_id": "",
                "security_group": "",
                "service_endpoint_policy_ids": [],
                "service_endpoints": [
                  "Microsoft.KeyVault"
                ]
              }
            ],
            "tags": {
              "Environment": "Production",
              "ManagedBy": "Terraform",
              "Purpose": "Main-VNet"
            },
            "timeouts": null
          },
          "sensitive_attributes": [],
          "identity_schema_version": 0,
          "identity": {
            "name": "vnet0",
            "resource_group_name": "04-t1-www",
            "subscription_id": "99b79efe-ebd6-468c-b39f-5669acb259e1"
          },
          "private": "eyJlMmJmYjczMC1lY2FhLTExZTYtOGY4OC0zNDM2M2JjN2M0YzAiOnsiY3JlYXRlIjoxODAwMDAwMDAwMDAwLCJkZWxldGUiOjE4MDAwMDAwMDAwMDAsInJlYWQiOjMwMDAwMDAwMDAwMCwidXBkYXRlIjoxODAwMDAwMDAwMDAwfX0=",
          "dependencies": [
            "azurerm_resource_group.rg"
          ]
        }
      ]
    },
    {
      "module": "module.network_central",
      "mode": "managed",
      "type": "azurerm_virtual_network_peering",
      "name": "spoke_to_hub",
      "provider": "provider[\"registry.terraform.io/hashicorp/azurerm\"]",
      "instances": [
        {
          "schema_version": 0,
          "attributes": {
            "allow_forwarded_traffic": true,
            "allow_gateway_transit": false,
            "allow_virtual_network_access": true,
            "id": "/subscriptions/99b79efe-ebd6-468c-b39f-5669acb259e1/resourceGroups/04-t1-www/providers/Microsoft.Network/virtualNetworks/vnet0/virtualNetworkPeerings/spoke-to-hub",
            "local_subnet_names": [],
            "name": "spoke-to-hub",
            "only_ipv6_peering_enabled": false,
            "peer_complete_virtual_networks_enabled": true,
            "remote_subnet_names": [],
            "remote_virtual_network_id": "/subscriptions/99b79efe-ebd6-468c-b39f-5669acb259e1/resourceGroups/04-t1-www/providers/Microsoft.Network/virtualNetworks/hub-vnet",
            "resource_group_name": "04-t1-www",
            "timeouts": null,
            "triggers": null,
            "use_remote_gateways": false,
            "virtual_network_name": "vnet0"
          },
          "sensitive_attributes": [],
          "identity_schema_version": 0,
          "private": "eyJlMmJmYjczMC1lY2FhLTExZTYtOGY4OC0zNDM2M2JjN2M0YzAiOnsiY3JlYXRlIjoxODAwMDAwMDAwMDAwLCJkZWxldGUiOjE4MDAwMDAwMDAwMDAsInJlYWQiOjMwMDAwMDAwMDAwMCwidXBkYXRlIjoxODAwMDAwMDAwMDAwfX0=",
          "dependencies": [
            "azurerm_resource_group.rg",
            "module.hub.azurerm_virtual_network.hub_vnet",
            "module.network_central.azurerm_virtual_network.vnet"
          ]
        }
      ]
    },
    {
      "module": "module.network_central",
      "mode": "managed",
      "type": "random_string",
      "name": "tm_suffix",
      "provider": "provider[\"registry.terraform.io/hashicorp/random\"]",
      "instances": [
        {
          "schema_version": 2,
          "attributes": {
            "id": "yn9mfk",
            "keepers": null,
            "length": 6,
            "lower": true,
            "min_lower": 0,
            "min_numeric": 0,
            "min_special": 0,
            "min_upper": 0,
            "number": true,
            "numeric": true,
            "override_special": null,
            "result": "yn9mfk",
            "special": false,
            "upper": false
          },
          "sensitive_attributes": [],
          "identity_schema_version": 0
        }
      ]
    },
    {
      "module": "module.security",
      "mode": "data",
      "type": "azurerm_client_config",
      "name": "current",
      "provider": "provider[\"registry.terraform.io/hashicorp/azurerm\"]",
      "instances": [
        {
          "schema_version": 0,
          "attributes": {
            "client_id": "04b07795-8ddb-461a-bbee-02f9e1bf7b46",
            "id": "Y2xpZW50Q29uZmlncy9jbGllbnRJZD0wNGIwNzc5NS04ZGRiLTQ2MWEtYmJlZS0wMmY5ZTFiZjdiNDY7b2JqZWN0SWQ9NDkyMTMxYjYtNjcxYi00M2YxLWFjMWUtZGI2YTI2MjIyNTY5O3N1YnNjcmlwdGlvbklkPTk5Yjc5ZWZlLWViZDYtNDY4Yy1iMzlmLTU2NjlhY2IyNTllMTt0ZW5hbnRJZD01NDhlOWVmNC1iMWQ1LTQ4ZmEtYjIyMC01OWY1MmQ2ZGI1MTE=",
            "object_id": "492131b6-671b-43f1-ac1e-db6a26222569",
            "subscription_id": "99b79efe-ebd6-468c-b39f-5669acb259e1",
            "tenant_id": "548e9ef4-b1d5-48fa-b220-59f52d6db511",
            "timeouts": null
          },
          "sensitive_attributes": [],
          "identity_schema_version": 0
        }
      ]
    },
    {
      "module": "module.security",
      "mode": "data",
      "type": "azurerm_subscription",
      "name": "current",
      "provider": "provider[\"registry.terraform.io/hashicorp/azurerm\"]",
      "instances": [
        {
          "schema_version": 0,
          "attributes": {
            "display_name": "대한상공회의소 인력개발사업단",
            "id": "/subscriptions/99b79efe-ebd6-468c-b39f-5669acb259e1",
            "location_placement_id": "Public_2014-09-01",
            "quota_id": "CSP_2015-05-01",
            "spending_limit": "Off",
            "state": "Enabled",
            "subscription_id": "99b79efe-ebd6-468c-b39f-5669acb259e1",
            "tags": {},
            "tenant_id": "548e9ef4-b1d5-48fa-b220-59f52d6db511",
            "timeouts": null
          },
          "sensitive_attributes": [],
          "identity_schema_version": 0
        }
      ]
    },
    {
      "module": "module.security",
      "mode": "data",
      "type": "http",
      "name": "my_ip",
      "provider": "provider[\"registry.terraform.io/hashicorp/http\"]",
      "instances": [
        {
          "schema_version": 0,
          "attributes": {
            "body": "211.227.107.208",
            "ca_cert_pem": null,
            "client_cert_pem": null,
            "client_key_pem": null,
            "id": "https://ifconfig.me/ip",
            "insecure": null,
            "method": null,
            "request_body": null,
            "request_headers": null,
            "request_timeout_ms": null,
            "response_body": "211.227.107.208",
            "response_body_base64": "MjExLjIyNy4xMDcuMjA4",
            "response_headers": {
              "Access-Control-Allow-Origin": "*",
              "Alt-Svc": "h3=\":443\"; ma=2592000,h3-29=\":443\"; ma=2592000",
              "Content-Length": "15",
              "Content-Type": "text/plain",
              "Date": "Sun, 14 Dec 2025 13:39:23 GMT",
              "Via": "1.1 google"
            },
            "retry": null,
            "status_code": 200,
            "url": "https://ifconfig.me/ip"
          },
          "sensitive_attributes": [],
          "identity_schema_version": 0
        }
      ]
    },
    {
      "module": "module.security",
      "mode": "managed",
      "type": "azurerm_application_insights",
      "name": "app_insights",
      "provider": "provider[\"registry.terraform.io/hashicorp/azurerm\"]",
      "instances": [
        {
          "schema_version": 2,
          "attributes": {
            "app_id": "2b9ef5b8-de86-459a-9262-33cba7c69274",
            "application_type": "web",
            "connection_string": "InstrumentationKey=850202a3-1eca-4e1e-8cf3-95962e84a313;IngestionEndpoint=https://koreacentral-0.in.applicationinsights.azure.com/;LiveEndpoint=https://koreacentral.livediagnostics.monitor.azure.com/;ApplicationId=2b9ef5b8-de86-459a-9262-33cba7c69274",
            "daily_data_cap_in_gb": 5,
            "daily_data_cap_notifications_disabled": false,
            "disable_ip_masking": false,
            "force_customer_storage_for_profiler": false,
            "id": "/subscriptions/99b79efe-ebd6-468c-b39f-5669acb259e1/resourceGroups/04-t1-www/providers/Microsoft.Insights/components/www-app-insights",
            "instrumentation_key": "850202a3-1eca-4e1e-8cf3-95962e84a313",
            "internet_ingestion_enabled": true,
            "internet_query_enabled": true,
            "local_authentication_disabled": false,
            "location": "koreacentral",
            "name": "www-app-insights",
            "resource_group_name": "04-t1-www",
            "retention_in_days": 90,
            "sampling_percentage": 100,
            "tags": {
              "Environment": "Production",
              "ManagedBy": "Terraform",
              "Purpose": "Application-Monitoring"
            },
            "timeouts": null,
            "workspace_id": "/subscriptions/99b79efe-ebd6-468c-b39f-5669acb259e1/resourceGroups/04-t1-www/providers/Microsoft.OperationalInsights/workspaces/www-law"
          },
          "sensitive_attributes": [
            [
              {
                "type": "get_attr",
                "value": "connection_string"
              }
            ],
            [
              {
                "type": "get_attr",
                "value": "instrumentation_key"
              }
            ]
          ],
          "identity_schema_version": 0,
          "private": "eyJlMmJmYjczMC1lY2FhLTExZTYtOGY4OC0zNDM2M2JjN2M0YzAiOnsiY3JlYXRlIjozNjAwMDAwMDAwMDAwLCJkZWxldGUiOjE4MDAwMDAwMDAwMDAsInJlYWQiOjMwMDAwMDAwMDAwMCwidXBkYXRlIjoxODAwMDAwMDAwMDAwfSwic2NoZW1hX3ZlcnNpb24iOiIyIn0=",
          "dependencies": [
            "azurerm_resource_group.rg",
            "module.security.azurerm_log_analytics_workspace.law"
          ]
        }
      ]
    },
    {
      "module": "module.security",
      "mode": "managed",
      "type": "azurerm_key_vault",
      "name": "kv",
      "provider": "provider[\"registry.terraform.io/hashicorp/azurerm\"]",
      "instances": [
        {
          "schema_version": 2,
          "attributes": {
            "access_policy": [],
            "contact": [],
            "enable_rbac_authorization": true,
            "enabled_for_deployment": false,
            "enabled_for_disk_encryption": true,
            "enabled_for_template_deployment": false,
            "id": "/subscriptions/99b79efe-ebd6-468c-b39f-5669acb259e1/resourceGroups/04-t1-www/providers/Microsoft.KeyVault/vaults/www-kv-95710734",
            "location": "koreacentral",
            "name": "www-kv-95710734",
            "network_acls": [
              {
                "bypass": "AzureServices",
                "default_action": "Deny",
                "ip_rules": [
                  "211.227.107.208/32",
                  "211.252.127.132/32",
                  "61.108.60.26/32"
                ],
                "virtual_network_subnet_ids": [
                  "/subscriptions/99b79efe-ebd6-468c-b39f-5669acb259e1/resourceGroups/04-t1-www/providers/Microsoft.Network/virtualNetworks/vnet0/subnets/www-was",
                  "/subscriptions/99b79efe-ebd6-468c-b39f-5669acb259e1/resourceGroups/04-t1-www/providers/Microsoft.Network/virtualNetworks/vnet0/subnets/www-web"
                ]
              }
            ],
            "public_network_access_enabled": true,
            "purge_protection_enabled": true,
            "rbac_authorization_enabled": true,
            "resource_group_name": "04-t1-www",
            "sku_name": "premium",
            "soft_delete_retention_days": 90,
            "tags": {
              "Environment": "Production",
              "ManagedBy": "Terraform",
              "Purpose": "Secrets-Management"
            },
            "tenant_id": "548e9ef4-b1d5-48fa-b220-59f52d6db511",
            "timeouts": null,
            "vault_uri": "https://www-kv-95710734.vault.azure.net/"
          },
          "sensitive_attributes": [],
          "identity_schema_version": 0,
          "private": "eyJlMmJmYjczMC1lY2FhLTExZTYtOGY4OC0zNDM2M2JjN2M0YzAiOnsiY3JlYXRlIjoxODAwMDAwMDAwMDAwLCJkZWxldGUiOjE4MDAwMDAwMDAwMDAsInJlYWQiOjMwMDAwMDAwMDAwMCwidXBkYXRlIjoxODAwMDAwMDAwMDAwfSwic2NoZW1hX3ZlcnNpb24iOiIyIn0=",
          "dependencies": [
            "azurerm_resource_group.rg",
            "module.network_central.azurerm_subnet.subnets",
            "module.network_central.azurerm_virtual_network.vnet",
            "module.security.data.azurerm_client_config.current",
            "module.security.data.http.my_ip",
            "module.security.random_id.kv"
          ]
        }
      ]
    },
    {
      "module": "module.security",
      "mode": "managed",
      "type": "azurerm_key_vault_certificate",
      "name": "ssl_cert",
      "provider": "provider[\"registry.terraform.io/hashicorp/azurerm\"]",
      "instances": [
        {
          "schema_version": 0,
          "attributes": {
            "certificate": [],
            "certificate_attribute": [
              {
                "created": "2025-12-10T14:35:53Z",
                "enabled": true,
                "expires": "2026-12-10T14:35:53Z",
                "not_before": "2025-12-10T14:25:53Z",
                "recovery_level": "Recoverable",
                "updated": "2025-12-10T14:35:53Z"
              }
            ],
            "certificate_data": "3082036D30820255A0030201020210565EDC539421485AA25754FB0803D800300D06092A864886F70D01010B0500301A311830160603550403130F7777772E30347777772E636C6F7564301E170D3235313231303134323535335A170D3236313231303134333535335A301A311830160603550403130F7777772E30347777772E636C6F756430820122300D06092A864886F70D01010105000382010F003082010A0282010100A97D0772DEF78A9E509A164070E2D35F88273BC13FB5DC28D3D7DC86C96ED3151CB57F8E316BCEEA2447AB508086BCC4348D9FDBA4FEDE2252A64CC8A6AC9D8520D38FE080E3CAE6D84608FCA6EED0013E0F174AF8DA4B1EC58C78F5D86F8DEB24A6883DBD969E2F38ED0AF74C222E2716BCDDB98FA2B2693154E19D3FF8DA2DE3E08AC7CEFC23CF35C5A3DB0C76858E4C38BDC5AD827E662ADE5F1F3C07AF8FC9199F62BD1CA33EAB9078DBDB5730DC342C9F7F6409924E3E35193E7E70C88D1789DE49E37C775FB3AD1BB222EBF4F8DFCFE07D58F183FA7B24520E1F43606B99E4B8C81142AF58E3076263E1D9C03AB00AC3F543733233B4AF35BE2ABBA3050203010001A381AE3081AB300E0603551D0F0101FF0404030201BE30090603551D130402300030130603551D25040C300A06082B0601050507030130390603551D1104323030820F7777772E30347777772E636C6F7564820B30347777772E636C6F756482106D61696C2E30347777772E636C6F7564301F0603551D23041830168014F1093D2A43A8BE30FBCEC2DFD10051DA628B0886301D0603551D0E04160414F1093D2A43A8BE30FBCEC2DFD10051DA628B0886300D06092A864886F70D01010B05000382010100A72D2E14CFF23638D3A588328B083D90948CFA4B08CE5F0DCA77278A4BAF08F84D6ECD00AA5E4D64A341765A67281B6EE2666C7C95FD260CFEA2CD3CFADE8B3E0430F15D8CBBDCF14C21F44CA70E97F10F8D29865B274D6FB20766FAF72869F1CA58BFB51979FCDD777D76FCC12A6C0C3A81A37EBD3A4B15B1B81A9A3D36B80BB20EBC4C9CC112135A0C032C3ADDCE7F984294F92E95B7C4B8BCD96EFD05BBD0750B4BAC9C73325A0C206B7FA4894143404F04EC967A3B2D50F5275052D8E83E5DB7777B8B0F5F1B8F58663B7EB8061DA6FC1BC4254149C2ED9211FBFEEF7858AD7BEADCF9C8CAE883E8571E768A29B931229E4DB3E94300919A2482DF97C3DF",
            "certificate_data_base64": "MIIDbTCCAlWgAwIBAgIQVl7cU5QhSFqiV1T7CAPYADANBgkqhkiG9w0BAQsFADAaMRgwFgYDVQQDEw93d3cuMDR3d3cuY2xvdWQwHhcNMjUxMjEwMTQyNTUzWhcNMjYxMjEwMTQzNTUzWjAaMRgwFgYDVQQDEw93d3cuMDR3d3cuY2xvdWQwggEiMA0GCSqGSIb3DQEBAQUAA4IBDwAwggEKAoIBAQCpfQdy3veKnlCaFkBw4tNfiCc7wT+13CjT19yGyW7TFRy1f44xa87qJEerUICGvMQ0jZ/bpP7eIlKmTMimrJ2FINOP4IDjyubYRgj8pu7QAT4PF0r42ksexYx49dhvjeskpog9vZaeLzjtCvdMIi4nFrzduY+ismkxVOGdP/jaLePgisfO/CPPNcWj2wx2hY5MOL3FrYJ+ZireXx88B6+PyRmfYr0coz6rkHjb21cw3DQsn39kCZJOPjUZPn5wyI0Xid5J43x3X7OtG7Ii6/T438/gfVjxg/p7JFIOH0Nga5nkuMgRQq9Y4wdiY+HZwDqwCsP1Q3MyM7SvNb4qu6MFAgMBAAGjga4wgaswDgYDVR0PAQH/BAQDAgG+MAkGA1UdEwQCMAAwEwYDVR0lBAwwCgYIKwYBBQUHAwEwOQYDVR0RBDIwMIIPd3d3LjA0d3d3LmNsb3VkggswNHd3dy5jbG91ZIIQbWFpbC4wNHd3dy5jbG91ZDAfBgNVHSMEGDAWgBTxCT0qQ6i+MPvOwt/RAFHaYosIhjAdBgNVHQ4EFgQU8Qk9KkOovjD7zsLf0QBR2mKLCIYwDQYJKoZIhvcNAQELBQADggEBAKctLhTP8jY406WIMosIPZCUjPpLCM5fDcp3J4pLrwj4TW7NAKpeTWSjQXZaZygbbuJmbHyV/SYM/qLNPPreiz4EMPFdjLvc8Uwh9EynDpfxD40phlsnTW+yB2b69yhp8cpYv7UZefzdd312/MEqbAw6gaN+vTpLFbG4Gpo9NrgLsg68TJzBEhNaDAMsOt3Of5hClPkulbfEuLzZbv0Fu9B1C0usnHMyWgwga3+kiUFDQE8E7JZ6Oy1Q9SdQUtjoPl23d3uLD18bj1hmO364Bh2m/BvEJUFJwu2SEfv+73hYrXvq3PnIyuiD6FcedoopuTEink2z6UMAkZokgt+Xw98=",
            "certificate_policy": [
              {
                "issuer_parameters": [
                  {
                    "name": "Self"
                  }
                ],
                "key_properties": [
                  {
                    "curve": "",
                    "exportable": true,
                    "key_size": 2048,
                    "key_type": "RSA",
                    "reuse_key": true
                  }
                ],
                "lifetime_action": [],
                "secret_properties": [
                  {
                    "content_type": "application/x-pkcs12"
                  }
                ],
                "x509_certificate_properties": [
                  {
                    "extended_key_usage": [
                      "1.3.6.1.5.5.7.3.1"
                    ],
                    "key_usage": [
                      "cRLSign",
                      "dataEncipherment",
                      "digitalSignature",
                      "keyAgreement",
                      "keyCertSign",
                      "keyEncipherment"
                    ],
                    "subject": "CN=www.04www.cloud",
                    "subject_alternative_names": [
                      {
                        "dns_names": [
                          "04www.cloud",
                          "mail.04www.cloud",
                          "www.04www.cloud"
                        ],
                        "emails": [],
                        "upns": []
                      }
                    ],
                    "validity_in_months": 12
                  }
                ]
              }
            ],
            "id": "https://www-kv-95710734.vault.azure.net/certificates/www-ssl-cert/ad3b5419dfcf46fe9378c9d6e9d3bc8d",
            "key_vault_id": "/subscriptions/99b79efe-ebd6-468c-b39f-5669acb259e1/resourceGroups/04-t1-www/providers/Microsoft.KeyVault/vaults/www-kv-95710734",
            "name": "www-ssl-cert",
            "resource_manager_id": "/subscriptions/99b79efe-ebd6-468c-b39f-5669acb259e1/resourceGroups/04-t1-www/providers/Microsoft.KeyVault/vaults/www-kv-95710734/certificates/www-ssl-cert/versions/ad3b5419dfcf46fe9378c9d6e9d3bc8d",
            "resource_manager_versionless_id": "/subscriptions/99b79efe-ebd6-468c-b39f-5669acb259e1/resourceGroups/04-t1-www/providers/Microsoft.KeyVault/vaults/www-kv-95710734/certificates/www-ssl-cert",
            "secret_id": "https://www-kv-95710734.vault.azure.net/secrets/www-ssl-cert/ad3b5419dfcf46fe9378c9d6e9d3bc8d",
            "tags": {},
            "thumbprint": "DACFFB37063BE79728E237FD1D03C3584EFDADD8",
            "timeouts": null,
            "version": "ad3b5419dfcf46fe9378c9d6e9d3bc8d",
            "versionless_id": "https://www-kv-95710734.vault.azure.net/certificates/www-ssl-cert",
            "versionless_secret_id": "https://www-kv-95710734.vault.azure.net/secrets/www-ssl-cert"
          },
          "sensitive_attributes": [],
          "identity_schema_version": 0,
          "private": "eyJlMmJmYjczMC1lY2FhLTExZTYtOGY4OC0zNDM2M2JjN2M0YzAiOnsiY3JlYXRlIjozNjAwMDAwMDAwMDAwLCJkZWxldGUiOjE4MDAwMDAwMDAwMDAsInJlYWQiOjE4MDAwMDAwMDAwMDAsInVwZGF0ZSI6MTgwMDAwMDAwMDAwMH19",
          "dependencies": [
            "azurerm_resource_group.rg",
            "module.network_central.azurerm_subnet.subnets",
            "module.network_central.azurerm_virtual_network.vnet",
            "module.security.azurerm_key_vault.kv",
            "module.security.data.azurerm_client_config.current",
            "module.security.data.http.my_ip",
            "module.security.random_id.kv"
          ]
        }
      ]
    },
    {
      "module": "module.security",
      "mode": "managed",
      "type": "azurerm_key_vault_secret",
      "name": "db_password",
      "provider": "provider[\"registry.terraform.io/hashicorp/azurerm\"]",
      "instances": [
        {
          "schema_version": 0,
          "attributes": {
            "content_type": "",
            "expiration_date": "",
            "id": "https://www-kv-95710734.vault.azure.net/secrets/db-password/dd5063a44cdd49c985733e28b292a5e5",
            "key_vault_id": "/subscriptions/99b79efe-ebd6-468c-b39f-5669acb259e1/resourceGroups/04-t1-www/providers/Microsoft.KeyVault/vaults/www-kv-95710734",
            "name": "db-password",
            "not_before_date": "",
            "resource_id": "/subscriptions/99b79efe-ebd6-468c-b39f-5669acb259e1/resourceGroups/04-t1-www/providers/Microsoft.KeyVault/vaults/www-kv-95710734/secrets/db-password/versions/dd5063a44cdd49c985733e28b292a5e5",
            "resource_versionless_id": "/subscriptions/99b79efe-ebd6-468c-b39f-5669acb259e1/resourceGroups/04-t1-www/providers/Microsoft.KeyVault/vaults/www-kv-95710734/secrets/db-password",
            "tags": {},
            "timeouts": null,
            "value": "It12345!",
            "value_wo": null,
            "value_wo_version": 0,
            "version": "dd5063a44cdd49c985733e28b292a5e5",
            "versionless_id": "https://www-kv-95710734.vault.azure.net/secrets/db-password"
          },
          "sensitive_attributes": [
            [
              {
                "type": "get_attr",
                "value": "value"
              }
            ]
          ],
          "identity_schema_version": 0,
          "private": "eyJlMmJmYjczMC1lY2FhLTExZTYtOGY4OC0zNDM2M2JjN2M0YzAiOnsiY3JlYXRlIjoxODAwMDAwMDAwMDAwLCJkZWxldGUiOjE4MDAwMDAwMDAwMDAsInJlYWQiOjE4MDAwMDAwMDAwMDAsInVwZGF0ZSI6MTgwMDAwMDAwMDAwMH19",
          "dependencies": [
            "azurerm_resource_group.rg",
            "module.network_central.azurerm_subnet.subnets",
            "module.network_central.azurerm_virtual_network.vnet",
            "module.security.azurerm_key_vault.kv",
            "module.security.azurerm_role_assignment.kv_admin_sp",
            "module.security.data.azurerm_client_config.current",
            "module.security.data.http.my_ip",
            "module.security.random_id.kv"
          ]
        }
      ]
    },
    {
      "module": "module.security",
      "mode": "managed",
      "type": "azurerm_log_analytics_solution",
      "name": "security",
      "provider": "provider[\"registry.terraform.io/hashicorp/azurerm\"]",
      "instances": [
        {
          "schema_version": 1,
          "attributes": {
            "id": "/subscriptions/99b79efe-ebd6-468c-b39f-5669acb259e1/resourceGroups/04-t1-www/providers/Microsoft.OperationsManagement/solutions/Security(www-law)",
            "location": "koreacentral",
            "plan": [
              {
                "name": "Security(www-law)",
                "product": "OMSGallery/Security",
                "promotion_code": "",
                "publisher": "Microsoft"
              }
            ],
            "resource_group_name": "04-t1-www",
            "solution_name": "Security",
            "tags": {},
            "timeouts": null,
            "workspace_name": "www-law",
            "workspace_resource_id": "/subscriptions/99b79efe-ebd6-468c-b39f-5669acb259e1/resourceGroups/04-t1-www/providers/Microsoft.OperationalInsights/workspaces/www-law"
          },
          "sensitive_attributes": [],
          "identity_schema_version": 0,
          "private": "eyJlMmJmYjczMC1lY2FhLTExZTYtOGY4OC0zNDM2M2JjN2M0YzAiOnsiY3JlYXRlIjoxODAwMDAwMDAwMDAwLCJkZWxldGUiOjE4MDAwMDAwMDAwMDAsInJlYWQiOjMwMDAwMDAwMDAwMCwidXBkYXRlIjoxODAwMDAwMDAwMDAwfSwic2NoZW1hX3ZlcnNpb24iOiIxIn0=",
          "dependencies": [
            "azurerm_resource_group.rg",
            "module.security.azurerm_log_analytics_workspace.law"
          ]
        }
      ]
    },
    {
      "module": "module.security",
      "mode": "managed",
      "type": "azurerm_log_analytics_solution",
      "name": "sentinel",
      "provider": "provider[\"registry.terraform.io/hashicorp/azurerm\"]",
      "instances": [
        {
          "schema_version": 1,
          "attributes": {
            "id": "/subscriptions/99b79efe-ebd6-468c-b39f-5669acb259e1/resourceGroups/04-t1-www/providers/Microsoft.OperationsManagement/solutions/SecurityInsights(www-law)",
            "location": "koreacentral",
            "plan": [
              {
                "name": "SecurityInsights(www-law)",
                "product": "OMSGallery/SecurityInsights",
                "promotion_code": "",
                "publisher": "Microsoft"
              }
            ],
            "resource_group_name": "04-t1-www",
            "solution_name": "SecurityInsights",
            "tags": {},
            "timeouts": null,
            "workspace_name": "www-law",
            "workspace_resource_id": "/subscriptions/99b79efe-ebd6-468c-b39f-5669acb259e1/resourceGroups/04-t1-www/providers/Microsoft.OperationalInsights/workspaces/www-law"
          },
          "sensitive_attributes": [],
          "identity_schema_version": 0,
          "private": "eyJlMmJmYjczMC1lY2FhLTExZTYtOGY4OC0zNDM2M2JjN2M0YzAiOnsiY3JlYXRlIjoxODAwMDAwMDAwMDAwLCJkZWxldGUiOjE4MDAwMDAwMDAwMDAsInJlYWQiOjMwMDAwMDAwMDAwMCwidXBkYXRlIjoxODAwMDAwMDAwMDAwfSwic2NoZW1hX3ZlcnNpb24iOiIxIn0=",
          "dependencies": [
            "azurerm_resource_group.rg",
            "module.security.azurerm_log_analytics_workspace.law"
          ]
        }
      ]
    },
    {
      "module": "module.security",
      "mode": "managed",
      "type": "azurerm_log_analytics_solution",
      "name": "updates",
      "provider": "provider[\"registry.terraform.io/hashicorp/azurerm\"]",
      "instances": [
        {
          "schema_version": 1,
          "attributes": {
            "id": "/subscriptions/99b79efe-ebd6-468c-b39f-5669acb259e1/resourceGroups/04-t1-www/providers/Microsoft.OperationsManagement/solutions/Updates(www-law)",
            "location": "koreacentral",
            "plan": [
              {
                "name": "Updates(www-law)",
                "product": "OMSGallery/Updates",
                "promotion_code": "",
                "publisher": "Microsoft"
              }
            ],
            "resource_group_name": "04-t1-www",
            "solution_name": "Updates",
            "tags": {},
            "timeouts": null,
            "workspace_name": "www-law",
            "workspace_resource_id": "/subscriptions/99b79efe-ebd6-468c-b39f-5669acb259e1/resourceGroups/04-t1-www/providers/Microsoft.OperationalInsights/workspaces/www-law"
          },
          "sensitive_attributes": [],
          "identity_schema_version": 0,
          "private": "eyJlMmJmYjczMC1lY2FhLTExZTYtOGY4OC0zNDM2M2JjN2M0YzAiOnsiY3JlYXRlIjoxODAwMDAwMDAwMDAwLCJkZWxldGUiOjE4MDAwMDAwMDAwMDAsInJlYWQiOjMwMDAwMDAwMDAwMCwidXBkYXRlIjoxODAwMDAwMDAwMDAwfSwic2NoZW1hX3ZlcnNpb24iOiIxIn0=",
          "dependencies": [
            "azurerm_resource_group.rg",
            "module.security.azurerm_log_analytics_workspace.law"
          ]
        }
      ]
    },
    {
      "module": "module.security",
      "mode": "managed",
      "type": "azurerm_log_analytics_workspace",
      "name": "law",
      "provider": "provider[\"registry.terraform.io/hashicorp/azurerm\"]",
      "instances": [
        {
          "schema_version": 3,
          "attributes": {
            "allow_resource_only_permissions": true,
            "cmk_for_query_forced": false,
            "daily_quota_gb": 10,
            "data_collection_rule_id": "",
            "id": "/subscriptions/99b79efe-ebd6-468c-b39f-5669acb259e1/resourceGroups/04-t1-www/providers/Microsoft.OperationalInsights/workspaces/www-law",
            "identity": [
              {
                "identity_ids": [],
                "principal_id": "035d651e-26ef-4d83-9b04-77fb01a975c8",
                "tenant_id": "548e9ef4-b1d5-48fa-b220-59f52d6db511",
                "type": "SystemAssigned"
              }
            ],
            "immediate_data_purge_on_30_days_enabled": false,
            "internet_ingestion_enabled": true,
            "internet_query_enabled": true,
            "local_authentication_disabled": false,
            "local_authentication_enabled": true,
            "location": "koreacentral",
            "name": "www-law",
            "primary_shared_key": "TGA+A8eWF20NWrHksg/RVoPvXji+n2bVStfSROVn1lmSnF5Avy+Ks9kL72WlUhsKI//M8KC0wQ61kSfuIbx3dQ==",
            "reservation_capacity_in_gb_per_day": null,
            "resource_group_name": "04-t1-www",
            "retention_in_days": 90,
            "secondary_shared_key": "IHMPjsgoMam/jg5RQ/us5EdSmaMFaeF3aBOosLXOvgYlJ4ZqZlC9CyGMWBWoXHDyCIePXqEN2pmhfYHVmK5nMQ==",
            "sku": "PerGB2018",
            "tags": {
              "Environment": "Production",
              "ManagedBy": "Terraform",
              "Purpose": "Monitoring-Logs"
            },
            "timeouts": null,
            "workspace_id": "500f8b83-bbb6-46de-94a5-b352ff9587e9"
          },
          "sensitive_attributes": [
            [
              {
                "type": "get_attr",
                "value": "primary_shared_key"
              }
            ],
            [
              {
                "type": "get_attr",
                "value": "secondary_shared_key"
              }
            ]
          ],
          "identity_schema_version": 0,
          "private": "eyJlMmJmYjczMC1lY2FhLTExZTYtOGY4OC0zNDM2M2JjN2M0YzAiOnsiY3JlYXRlIjoxODAwMDAwMDAwMDAwLCJkZWxldGUiOjE4MDAwMDAwMDAwMDAsInJlYWQiOjMwMDAwMDAwMDAwMCwidXBkYXRlIjoxODAwMDAwMDAwMDAwfSwic2NoZW1hX3ZlcnNpb24iOiIzIn0=",
          "dependencies": [
            "azurerm_resource_group.rg"
          ]
        }
      ]
    },
    {
      "module": "module.security",
      "mode": "managed",
      "type": "azurerm_monitor_action_group",
      "name": "main",
      "provider": "provider[\"registry.terraform.io/hashicorp/azurerm\"]",
      "instances": [
        {
          "schema_version": 1,
          "attributes": {
            "arm_role_receiver": [],
            "automation_runbook_receiver": [],
            "azure_app_push_receiver": [],
            "azure_function_receiver": [],
            "email_receiver": [
              {
                "email_address": "1234enrud@gmail.com",
                "name": "admin-0",
                "use_common_alert_schema": false
              },
              {
                "email_address": "gksk2453@naver.com",
                "name": "admin-1",
                "use_common_alert_schema": false
              },
              {
                "email_address": "hyhbit0527@gmail.com",
                "name": "admin-2",
                "use_common_alert_schema": false
              },
              {
                "email_address": "ggjg33@gmail.com",
                "name": "admin-3",
                "use_common_alert_schema": false
              },
              {
                "email_address": "andol2222@gmail.com",
                "name": "admin-4",
                "use_common_alert_schema": false
              }
            ],
            "enabled": true,
            "event_hub_receiver": [],
            "id": "/subscriptions/99b79efe-ebd6-468c-b39f-5669acb259e1/resourceGroups/04-t1-www/providers/Microsoft.Insights/actionGroups/www-alerts",
            "itsm_receiver": [],
            "location": "global",
            "logic_app_receiver": [],
            "name": "www-alerts",
            "resource_group_name": "04-t1-www",
            "short_name": "p0-alerts",
            "sms_receiver": [
              {
                "country_code": "82",
                "name": "oncall",
                "phone_number": "01012345678"
              }
            ],
            "tags": {
              "Environment": "Production",
              "ManagedBy": "Terraform",
              "Purpose": "Alerting"
            },
            "timeouts": null,
            "voice_receiver": [],
            "webhook_receiver": []
          },
          "sensitive_attributes": [],
          "identity_schema_version": 0,
          "identity": {
            "name": "www-alerts",
            "resource_group_name": "04-t1-www",
            "subscription_id": "99b79efe-ebd6-468c-b39f-5669acb259e1"
          },
          "private": "eyJlMmJmYjczMC1lY2FhLTExZTYtOGY4OC0zNDM2M2JjN2M0YzAiOnsiY3JlYXRlIjoxODAwMDAwMDAwMDAwLCJkZWxldGUiOjE4MDAwMDAwMDAwMDAsInJlYWQiOjMwMDAwMDAwMDAwMCwidXBkYXRlIjoxODAwMDAwMDAwMDAwfSwic2NoZW1hX3ZlcnNpb24iOiIxIn0=",
          "dependencies": [
            "azurerm_resource_group.rg"
          ]
        }
      ]
    },
    {
      "module": "module.security",
      "mode": "managed",
      "type": "azurerm_monitor_action_group",
      "name": "sentinel_email",
      "provider": "provider[\"registry.terraform.io/hashicorp/azurerm\"]",
      "instances": [
        {
          "schema_version": 1,
          "attributes": {
            "arm_role_receiver": [],
            "automation_runbook_receiver": [],
            "azure_app_push_receiver": [],
            "azure_function_receiver": [],
            "email_receiver": [
              {
                "email_address": "1234enrud@gmail.com",
                "name": "sentinel-admin-0",
                "use_common_alert_schema": true
              },
              {
                "email_address": "gksk2453@naver.com",
                "name": "sentinel-admin-1",
                "use_common_alert_schema": true
              },
              {
                "email_address": "hyhbit0527@gmail.com",
                "name": "sentinel-admin-2",
                "use_common_alert_schema": true
              },
              {
                "email_address": "ggjg33@gmail.com",
                "name": "sentinel-admin-3",
                "use_common_alert_schema": true
              },
              {
                "email_address": "andol2222@gmail.com",
                "name": "sentinel-admin-4",
                "use_common_alert_schema": true
              }
            ],
            "enabled": true,
            "event_hub_receiver": [],
            "id": "/subscriptions/99b79efe-ebd6-468c-b39f-5669acb259e1/resourceGroups/04-t1-www/providers/Microsoft.Insights/actionGroups/sentinel-alert-email",
            "itsm_receiver": [],
            "location": "global",
            "logic_app_receiver": [],
            "name": "sentinel-alert-email",
            "resource_group_name": "04-t1-www",
            "short_name": "SentinelMail",
            "sms_receiver": [],
            "tags": {
              "ManagedBy": "Terraform",
              "Purpose": "Sentinel-Alert"
            },
            "timeouts": null,
            "voice_receiver": [],
            "webhook_receiver": []
          },
          "sensitive_attributes": [],
          "identity_schema_version": 0,
          "identity": {
            "name": "sentinel-alert-email",
            "resource_group_name": "04-t1-www",
            "subscription_id": "99b79efe-ebd6-468c-b39f-5669acb259e1"
          },
          "private": "eyJlMmJmYjczMC1lY2FhLTExZTYtOGY4OC0zNDM2M2JjN2M0YzAiOnsiY3JlYXRlIjoxODAwMDAwMDAwMDAwLCJkZWxldGUiOjE4MDAwMDAwMDAwMDAsInJlYWQiOjMwMDAwMDAwMDAwMCwidXBkYXRlIjoxODAwMDAwMDAwMDAwfSwic2NoZW1hX3ZlcnNpb24iOiIxIn0=",
          "dependencies": [
            "azurerm_resource_group.rg"
          ]
        }
      ]
    },
    {
      "module": "module.security",
      "mode": "managed",
      "type": "azurerm_monitor_data_collection_rule",
      "name": "syslog_dcr",
      "provider": "provider[\"registry.terraform.io/hashicorp/azurerm\"]",
      "instances": [
        {
          "schema_version": 0,
          "attributes": {
            "data_collection_endpoint_id": "",
            "data_flow": [
              {
                "built_in_transform": "",
                "destinations": [
                  "law"
                ],
                "output_stream": "",
                "streams": [
                  "Microsoft-Syslog"
                ],
                "transform_kql": ""
              }
            ],
            "data_sources": [
              {
                "data_import": [],
                "extension": [],
                "iis_log": [],
                "log_file": [],
                "performance_counter": [],
                "platform_telemetry": [],
                "prometheus_forwarder": [],
                "syslog": [
                  {
                    "facility_names": [
                      "auth",
                      "authpriv",
                      "cron",
                      "daemon",
                      "kern",
                      "syslog",
                      "user"
                    ],
                    "log_levels": [
                      "Debug",
                      "Info",
                      "Notice",
                      "Warning",
                      "Error",
                      "Critical",
                      "Alert",
                      "Emergency"
                    ],
                    "name": "syslog-datasource",
                    "streams": [
                      "Microsoft-Syslog"
                    ]
                  }
                ],
                "windows_event_log": [],
                "windows_firewall_log": []
              }
            ],
            "description": "",
            "destinations": [
              {
                "azure_monitor_metrics": [],
                "event_hub": [],
                "event_hub_direct": [],
                "log_analytics": [
                  {
                    "name": "law",
                    "workspace_resource_id": "/subscriptions/99b79efe-ebd6-468c-b39f-5669acb259e1/resourceGroups/04-t1-www/providers/Microsoft.OperationalInsights/workspaces/www-law"
                  }
                ],
                "monitor_account": [],
                "storage_blob": [],
                "storage_blob_direct": [],
                "storage_table_direct": []
              }
            ],
            "id": "/subscriptions/99b79efe-ebd6-468c-b39f-5669acb259e1/resourceGroups/04-t1-www/providers/Microsoft.Insights/dataCollectionRules/syslog-dcr",
            "identity": [],
            "immutable_id": "dcr-e594c42651ff4767b009ef4027d317be",
            "kind": "",
            "location": "koreacentral",
            "name": "syslog-dcr",
            "resource_group_name": "04-t1-www",
            "stream_declaration": [],
            "tags": {},
            "timeouts": null
          },
          "sensitive_attributes": [],
          "identity_schema_version": 0,
          "private": "eyJlMmJmYjczMC1lY2FhLTExZTYtOGY4OC0zNDM2M2JjN2M0YzAiOnsiY3JlYXRlIjoxODAwMDAwMDAwMDAwLCJkZWxldGUiOjE4MDAwMDAwMDAwMDAsInJlYWQiOjMwMDAwMDAwMDAwMCwidXBkYXRlIjoxODAwMDAwMDAwMDAwfX0=",
          "dependencies": [
            "azurerm_resource_group.rg",
            "module.security.azurerm_log_analytics_workspace.law"
          ]
        }
      ]
    },
    {
      "module": "module.security",
      "mode": "managed",
      "type": "azurerm_monitor_diagnostic_setting",
      "name": "kv_diag",
      "provider": "provider[\"registry.terraform.io/hashicorp/azurerm\"]",
      "instances": [
        {
          "schema_version": 0,
          "attributes": {
            "enabled_log": [
              {
                "category": "AuditEvent",
                "category_group": "",
                "retention_policy": [
                  {
                    "days": 0,
                    "enabled": false
                  }
                ]
              },
              {
                "category": "AzurePolicyEvaluationDetails",
                "category_group": "",
                "retention_policy": [
                  {
                    "days": 0,
                    "enabled": false
                  }
                ]
              }
            ],
            "enabled_metric": [
              {
                "category": "AllMetrics"
              }
            ],
            "eventhub_authorization_rule_id": "",
            "eventhub_name": "",
            "id": "/subscriptions/99b79efe-ebd6-468c-b39f-5669acb259e1/resourceGroups/04-t1-www/providers/Microsoft.KeyVault/vaults/www-kv-95710734|kv-diagnostics",
            "log_analytics_destination_type": "AzureDiagnostics",
            "log_analytics_workspace_id": "/subscriptions/99b79efe-ebd6-468c-b39f-5669acb259e1/resourceGroups/04-t1-www/providers/Microsoft.OperationalInsights/workspaces/www-law",
            "metric": [
              {
                "category": "AllMetrics",
                "enabled": true,
                "retention_policy": [
                  {
                    "days": 0,
                    "enabled": false
                  }
                ]
              }
            ],
            "name": "kv-diagnostics",
            "partner_solution_id": null,
            "storage_account_id": null,
            "target_resource_id": "/subscriptions/99b79efe-ebd6-468c-b39f-5669acb259e1/resourceGroups/04-t1-www/providers/Microsoft.KeyVault/vaults/www-kv-95710734",
            "timeouts": null
          },
          "sensitive_attributes": [],
          "identity_schema_version": 0,
          "private": "eyJlMmJmYjczMC1lY2FhLTExZTYtOGY4OC0zNDM2M2JjN2M0YzAiOnsiY3JlYXRlIjoxODAwMDAwMDAwMDAwLCJkZWxldGUiOjM2MDAwMDAwMDAwMDAsInJlYWQiOjMwMDAwMDAwMDAwMCwidXBkYXRlIjoxODAwMDAwMDAwMDAwfX0=",
          "dependencies": [
            "azurerm_resource_group.rg",
            "module.network_central.azurerm_subnet.subnets",
            "module.network_central.azurerm_virtual_network.vnet",
            "module.security.azurerm_key_vault.kv",
            "module.security.azurerm_log_analytics_workspace.law",
            "module.security.data.azurerm_client_config.current",
            "module.security.data.http.my_ip",
            "module.security.random_id.kv"
          ]
        }
      ]
    },
    {
      "module": "module.security",
      "mode": "managed",
      "type": "azurerm_monitor_diagnostic_setting",
      "name": "nsg_appgw_diag",
      "provider": "provider[\"registry.terraform.io/hashicorp/azurerm\"]",
      "instances": [
        {
          "schema_version": 0,
          "attributes": {
            "enabled_log": [
              {
                "category": "NetworkSecurityGroupEvent",
                "category_group": "",
                "retention_policy": [
                  {
                    "days": 0,
                    "enabled": false
                  }
                ]
              },
              {
                "category": "NetworkSecurityGroupRuleCounter",
                "category_group": "",
                "retention_policy": [
                  {
                    "days": 0,
                    "enabled": false
                  }
                ]
              }
            ],
            "enabled_metric": [],
            "eventhub_authorization_rule_id": "",
            "eventhub_name": "",
            "id": "/subscriptions/99b79efe-ebd6-468c-b39f-5669acb259e1/resourceGroups/04-t1-www/providers/Microsoft.Network/networkSecurityGroups/www-nsg-appgw|nsg-appgw-diag",
            "log_analytics_destination_type": "",
            "log_analytics_workspace_id": "/subscriptions/99b79efe-ebd6-468c-b39f-5669acb259e1/resourceGroups/04-t1-www/providers/Microsoft.OperationalInsights/workspaces/www-law",
            "metric": [],
            "name": "nsg-appgw-diag",
            "partner_solution_id": null,
            "storage_account_id": null,
            "target_resource_id": "/subscriptions/99b79efe-ebd6-468c-b39f-5669acb259e1/resourceGroups/04-t1-www/providers/Microsoft.Network/networkSecurityGroups/www-nsg-appgw",
            "timeouts": null
          },
          "sensitive_attributes": [],
          "identity_schema_version": 0,
          "private": "eyJlMmJmYjczMC1lY2FhLTExZTYtOGY4OC0zNDM2M2JjN2M0YzAiOnsiY3JlYXRlIjoxODAwMDAwMDAwMDAwLCJkZWxldGUiOjM2MDAwMDAwMDAwMDAsInJlYWQiOjMwMDAwMDAwMDAwMCwidXBkYXRlIjoxODAwMDAwMDAwMDAwfX0=",
          "dependencies": [
            "azurerm_resource_group.rg",
            "module.security.azurerm_log_analytics_workspace.law",
            "module.security.azurerm_network_security_group.nsg_appgw"
          ]
        }
      ]
    },
    {
      "module": "module.security",
      "mode": "managed",
      "type": "azurerm_monitor_diagnostic_setting",
      "name": "nsg_db_diag",
      "provider": "provider[\"registry.terraform.io/hashicorp/azurerm\"]",
      "instances": [
        {
          "schema_version": 0,
          "attributes": {
            "enabled_log": [
              {
                "category": "NetworkSecurityGroupEvent",
                "category_group": "",
                "retention_policy": [
                  {
                    "days": 0,
                    "enabled": false
                  }
                ]
              },
              {
                "category": "NetworkSecurityGroupRuleCounter",
                "category_group": "",
                "retention_policy": [
                  {
                    "days": 0,
                    "enabled": false
                  }
                ]
              }
            ],
            "enabled_metric": [],
            "eventhub_authorization_rule_id": "",
            "eventhub_name": "",
            "id": "/subscriptions/99b79efe-ebd6-468c-b39f-5669acb259e1/resourceGroups/04-t1-www/providers/Microsoft.Network/networkSecurityGroups/www-nsg-db|nsg-db-diag",
            "log_analytics_destination_type": "",
            "log_analytics_workspace_id": "/subscriptions/99b79efe-ebd6-468c-b39f-5669acb259e1/resourceGroups/04-t1-www/providers/Microsoft.OperationalInsights/workspaces/www-law",
            "metric": [],
            "name": "nsg-db-diag",
            "partner_solution_id": null,
            "storage_account_id": null,
            "target_resource_id": "/subscriptions/99b79efe-ebd6-468c-b39f-5669acb259e1/resourceGroups/04-t1-www/providers/Microsoft.Network/networkSecurityGroups/www-nsg-db",
            "timeouts": null
          },
          "sensitive_attributes": [],
          "identity_schema_version": 0,
          "private": "eyJlMmJmYjczMC1lY2FhLTExZTYtOGY4OC0zNDM2M2JjN2M0YzAiOnsiY3JlYXRlIjoxODAwMDAwMDAwMDAwLCJkZWxldGUiOjM2MDAwMDAwMDAwMDAsInJlYWQiOjMwMDAwMDAwMDAwMCwidXBkYXRlIjoxODAwMDAwMDAwMDAwfX0=",
          "dependencies": [
            "azurerm_resource_group.rg",
            "module.security.azurerm_log_analytics_workspace.law",
            "module.security.azurerm_network_security_group.nsg_db"
          ]
        }
      ]
    },
    {
      "module": "module.security",
      "mode": "managed",
      "type": "azurerm_monitor_diagnostic_setting",
      "name": "nsg_http_diag",
      "provider": "provider[\"registry.terraform.io/hashicorp/azurerm\"]",
      "instances": [
        {
          "schema_version": 0,
          "attributes": {
            "enabled_log": [
              {
                "category": "NetworkSecurityGroupEvent",
                "category_group": "",
                "retention_policy": [
                  {
                    "days": 0,
                    "enabled": false
                  }
                ]
              },
              {
                "category": "NetworkSecurityGroupRuleCounter",
                "category_group": "",
                "retention_policy": [
                  {
                    "days": 0,
                    "enabled": false
                  }
                ]
              }
            ],
            "enabled_metric": [],
            "eventhub_authorization_rule_id": "",
            "eventhub_name": "",
            "id": "/subscriptions/99b79efe-ebd6-468c-b39f-5669acb259e1/resourceGroups/04-t1-www/providers/Microsoft.Network/networkSecurityGroups/www-nsg-http|nsg-http-diag",
            "log_analytics_destination_type": "",
            "log_analytics_workspace_id": "/subscriptions/99b79efe-ebd6-468c-b39f-5669acb259e1/resourceGroups/04-t1-www/providers/Microsoft.OperationalInsights/workspaces/www-law",
            "metric": [],
            "name": "nsg-http-diag",
            "partner_solution_id": null,
            "storage_account_id": null,
            "target_resource_id": "/subscriptions/99b79efe-ebd6-468c-b39f-5669acb259e1/resourceGroups/04-t1-www/providers/Microsoft.Network/networkSecurityGroups/www-nsg-http",
            "timeouts": null
          },
          "sensitive_attributes": [],
          "identity_schema_version": 0,
          "private": "eyJlMmJmYjczMC1lY2FhLTExZTYtOGY4OC0zNDM2M2JjN2M0YzAiOnsiY3JlYXRlIjoxODAwMDAwMDAwMDAwLCJkZWxldGUiOjM2MDAwMDAwMDAwMDAsInJlYWQiOjMwMDAwMDAwMDAwMCwidXBkYXRlIjoxODAwMDAwMDAwMDAwfX0=",
          "dependencies": [
            "azurerm_resource_group.rg",
            "module.security.azurerm_log_analytics_workspace.law",
            "module.security.azurerm_network_security_group.nsg_http"
          ]
        }
      ]
    },
    {
      "module": "module.security",
      "mode": "managed",
      "type": "azurerm_monitor_diagnostic_setting",
      "name": "nsg_hub_bastion_diag",
      "provider": "provider[\"registry.terraform.io/hashicorp/azurerm\"]",
      "instances": [
        {
          "schema_version": 0,
          "attributes": {
            "enabled_log": [
              {
                "category": "NetworkSecurityGroupEvent",
                "category_group": "",
                "retention_policy": [
                  {
                    "days": 0,
                    "enabled": false
                  }
                ]
              },
              {
                "category": "NetworkSecurityGroupRuleCounter",
                "category_group": "",
                "retention_policy": [
                  {
                    "days": 0,
                    "enabled": false
                  }
                ]
              }
            ],
            "enabled_metric": [],
            "eventhub_authorization_rule_id": "",
            "eventhub_name": "",
            "id": "/subscriptions/99b79efe-ebd6-468c-b39f-5669acb259e1/resourceGroups/04-t1-www/providers/Microsoft.Network/networkSecurityGroups/hub-nsg-bastion|nsg-hub-bastion-diag",
            "log_analytics_destination_type": "",
            "log_analytics_workspace_id": "/subscriptions/99b79efe-ebd6-468c-b39f-5669acb259e1/resourceGroups/04-t1-www/providers/Microsoft.OperationalInsights/workspaces/www-law",
            "metric": [],
            "name": "nsg-hub-bastion-diag",
            "partner_solution_id": null,
            "storage_account_id": null,
            "target_resource_id": "/subscriptions/99b79efe-ebd6-468c-b39f-5669acb259e1/resourceGroups/04-t1-www/providers/Microsoft.Network/networkSecurityGroups/hub-nsg-bastion",
            "timeouts": null
          },
          "sensitive_attributes": [],
          "identity_schema_version": 0,
          "private": "eyJlMmJmYjczMC1lY2FhLTExZTYtOGY4OC0zNDM2M2JjN2M0YzAiOnsiY3JlYXRlIjoxODAwMDAwMDAwMDAwLCJkZWxldGUiOjM2MDAwMDAwMDAwMDAsInJlYWQiOjMwMDAwMDAwMDAwMCwidXBkYXRlIjoxODAwMDAwMDAwMDAwfX0=",
          "dependencies": [
            "azurerm_resource_group.rg",
            "module.security.azurerm_log_analytics_workspace.law",
            "module.security.azurerm_network_security_group.nsg_hub_bastion"
          ]
        }
      ]
    },
    {
      "module": "module.security",
      "mode": "managed",
      "type": "azurerm_monitor_diagnostic_setting",
      "name": "nsg_ssh_diag",
      "provider": "provider[\"registry.terraform.io/hashicorp/azurerm\"]",
      "instances": [
        {
          "schema_version": 0,
          "attributes": {
            "enabled_log": [
              {
                "category": "NetworkSecurityGroupEvent",
                "category_group": "",
                "retention_policy": [
                  {
                    "days": 0,
                    "enabled": false
                  }
                ]
              },
              {
                "category": "NetworkSecurityGroupRuleCounter",
                "category_group": "",
                "retention_policy": [
                  {
                    "days": 0,
                    "enabled": false
                  }
                ]
              }
            ],
            "enabled_metric": [],
            "eventhub_authorization_rule_id": "",
            "eventhub_name": "",
            "id": "/subscriptions/99b79efe-ebd6-468c-b39f-5669acb259e1/resourceGroups/04-t1-www/providers/Microsoft.Network/networkSecurityGroups/www-nsg-ssh|nsg-ssh-diag",
            "log_analytics_destination_type": "",
            "log_analytics_workspace_id": "/subscriptions/99b79efe-ebd6-468c-b39f-5669acb259e1/resourceGroups/04-t1-www/providers/Microsoft.OperationalInsights/workspaces/www-law",
            "metric": [],
            "name": "nsg-ssh-diag",
            "partner_solution_id": null,
            "storage_account_id": null,
            "target_resource_id": "/subscriptions/99b79efe-ebd6-468c-b39f-5669acb259e1/resourceGroups/04-t1-www/providers/Microsoft.Network/networkSecurityGroups/www-nsg-ssh",
            "timeouts": null
          },
          "sensitive_attributes": [],
          "identity_schema_version": 0,
          "private": "eyJlMmJmYjczMC1lY2FhLTExZTYtOGY4OC0zNDM2M2JjN2M0YzAiOnsiY3JlYXRlIjoxODAwMDAwMDAwMDAwLCJkZWxldGUiOjM2MDAwMDAwMDAwMDAsInJlYWQiOjMwMDAwMDAwMDAwMCwidXBkYXRlIjoxODAwMDAwMDAwMDAwfX0=",
          "dependencies": [
            "azurerm_resource_group.rg",
            "module.security.azurerm_log_analytics_workspace.law",
            "module.security.azurerm_network_security_group.nsg_ssh"
          ]
        }
      ]
    },
    {
      "module": "module.security",
      "mode": "managed",
      "type": "azurerm_monitor_metric_alert",
      "name": "mysql_connections",
      "provider": "provider[\"registry.terraform.io/hashicorp/azurerm\"]",
      "instances": [
        {
          "schema_version": 1,
          "attributes": {
            "action": [
              {
                "action_group_id": "/subscriptions/99b79efe-ebd6-468c-b39f-5669acb259e1/resourceGroups/04-t1-www/providers/Microsoft.Insights/actionGroups/www-alerts",
                "webhook_properties": {}
              }
            ],
            "application_insights_web_test_location_availability_criteria": [],
            "auto_mitigate": true,
            "criteria": [
              {
                "aggregation": "Average",
                "dimension": [],
                "metric_name": "active_connections",
                "metric_namespace": "Microsoft.DBforMySQL/flexibleServers",
                "operator": "GreaterThan",
                "skip_metric_validation": false,
                "threshold": 130
              }
            ],
            "description": "Alert when MySQL active connections exceed 80%",
            "dynamic_criteria": [],
            "enabled": true,
            "frequency": "PT1M",
            "id": "/subscriptions/99b79efe-ebd6-468c-b39f-5669acb259e1/resourceGroups/04-t1-www/providers/Microsoft.Insights/metricAlerts/mysql-connections-alert",
            "name": "mysql-connections-alert",
            "resource_group_name": "04-t1-www",
            "scopes": [
              "/subscriptions/99b79efe-ebd6-468c-b39f-5669acb259e1/resourceGroups/04-t1-www/providers/Microsoft.DBforMySQL/flexibleServers/www-mysql-server-32j2"
            ],
            "severity": 2,
            "tags": {},
            "target_resource_location": "",
            "target_resource_type": "",
            "timeouts": null,
            "window_size": "PT5M"
          },
          "sensitive_attributes": [],
          "identity_schema_version": 0,
          "private": "eyJlMmJmYjczMC1lY2FhLTExZTYtOGY4OC0zNDM2M2JjN2M0YzAiOnsiY3JlYXRlIjoxODAwMDAwMDAwMDAwLCJkZWxldGUiOjE4MDAwMDAwMDAwMDAsInJlYWQiOjMwMDAwMDAwMDAwMCwidXBkYXRlIjoxODAwMDAwMDAwMDAwfSwic2NoZW1hX3ZlcnNpb24iOiIxIn0=",
          "dependencies": [
            "azurerm_resource_group.rg",
            "module.database.azurerm_mysql_flexible_server.www_mysql",
            "module.database.random_string.mysql_suffix",
            "module.security.azurerm_monitor_action_group.main"
          ]
        }
      ]
    },
    {
      "module": "module.security",
      "mode": "managed",
      "type": "azurerm_monitor_metric_alert",
      "name": "redis_memory",
      "provider": "provider[\"registry.terraform.io/hashicorp/azurerm\"]",
      "instances": [
        {
          "schema_version": 1,
          "attributes": {
            "action": [
              {
                "action_group_id": "/subscriptions/99b79efe-ebd6-468c-b39f-5669acb259e1/resourceGroups/04-t1-www/providers/Microsoft.Insights/actionGroups/www-alerts",
                "webhook_properties": {}
              }
            ],
            "application_insights_web_test_location_availability_criteria": [],
            "auto_mitigate": true,
            "criteria": [
              {
                "aggregation": "Average",
                "dimension": [],
                "metric_name": "usedmemorypercentage",
                "metric_namespace": "Microsoft.Cache/redis",
                "operator": "GreaterThan",
                "skip_metric_validation": false,
                "threshold": 85
              }
            ],
            "description": "Alert when Redis memory usage exceeds 85%",
            "dynamic_criteria": [],
            "enabled": true,
            "frequency": "PT5M",
            "id": "/subscriptions/99b79efe-ebd6-468c-b39f-5669acb259e1/resourceGroups/04-t1-www/providers/Microsoft.Insights/metricAlerts/redis-memory-alert",
            "name": "redis-memory-alert",
            "resource_group_name": "04-t1-www",
            "scopes": [
              "/subscriptions/99b79efe-ebd6-468c-b39f-5669acb259e1/resourceGroups/04-t1-www/providers/Microsoft.Cache/redis/www-redis-cache-pi4r"
            ],
            "severity": 2,
            "tags": {},
            "target_resource_location": "",
            "target_resource_type": "",
            "timeouts": null,
            "window_size": "PT5M"
          },
          "sensitive_attributes": [],
          "identity_schema_version": 0,
          "private": "eyJlMmJmYjczMC1lY2FhLTExZTYtOGY4OC0zNDM2M2JjN2M0YzAiOnsiY3JlYXRlIjoxODAwMDAwMDAwMDAwLCJkZWxldGUiOjE4MDAwMDAwMDAwMDAsInJlYWQiOjMwMDAwMDAwMDAwMCwidXBkYXRlIjoxODAwMDAwMDAwMDAwfSwic2NoZW1hX3ZlcnNpb24iOiIxIn0=",
          "dependencies": [
            "azurerm_resource_group.rg",
            "module.database.azurerm_redis_cache.www_redis",
            "module.database.random_string.redis_suffix",
            "module.network_central.azurerm_subnet.subnets",
            "module.network_central.azurerm_virtual_network.vnet",
            "module.security.azurerm_monitor_action_group.main",
            "module.storage.azurerm_storage_account.www_sa",
            "module.storage.random_string.sa_suffix"
          ]
        }
      ]
    },
    {
      "module": "module.security",
      "mode": "managed",
      "type": "azurerm_monitor_metric_alert",
      "name": "vmss_cpu",
      "provider": "provider[\"registry.terraform.io/hashicorp/azurerm\"]",
      "instances": [
        {
          "schema_version": 1,
          "attributes": {
            "action": [
              {
                "action_group_id": "/subscriptions/99b79efe-ebd6-468c-b39f-5669acb259e1/resourceGroups/04-t1-www/providers/Microsoft.Insights/actionGroups/www-alerts",
                "webhook_properties": {}
              }
            ],
            "application_insights_web_test_location_availability_criteria": [],
            "auto_mitigate": true,
            "criteria": [
              {
                "aggregation": "Average",
                "dimension": [],
                "metric_name": "Percentage CPU",
                "metric_namespace": "Microsoft.Compute/virtualMachineScaleSets",
                "operator": "GreaterThan",
                "skip_metric_validation": false,
                "threshold": 80
              }
            ],
            "description": "Alert when VMSS CPU exceeds 80%",
            "dynamic_criteria": [],
            "enabled": true,
            "frequency": "PT5M",
            "id": "/subscriptions/99b79efe-ebd6-468c-b39f-5669acb259e1/resourceGroups/04-t1-www/providers/Microsoft.Insights/metricAlerts/vmss-cpu-alert",
            "name": "vmss-cpu-alert",
            "resource_group_name": "04-t1-www",
            "scopes": [
              "/subscriptions/99b79efe-ebd6-468c-b39f-5669acb259e1/resourceGroups/04-t1-www/providers/Microsoft.Compute/virtualMachineScaleSets/web-vmss"
            ],
            "severity": 2,
            "tags": {
              "Environment": "Production"
            },
            "target_resource_location": "",
            "target_resource_type": "",
            "timeouts": null,
            "window_size": "PT5M"
          },
          "sensitive_attributes": [],
          "identity_schema_version": 0,
          "private": "eyJlMmJmYjczMC1lY2FhLTExZTYtOGY4OC0zNDM2M2JjN2M0YzAiOnsiY3JlYXRlIjoxODAwMDAwMDAwMDAwLCJkZWxldGUiOjE4MDAwMDAwMDAwMDAsInJlYWQiOjMwMDAwMDAwMDAwMCwidXBkYXRlIjoxODAwMDAwMDAwMDAwfSwic2NoZW1hX3ZlcnNpb24iOiIxIn0=",
          "dependencies": [
            "azurerm_resource_group.rg",
            "module.compute.azurerm_linux_virtual_machine_scale_set.vmss",
            "module.identity.azurerm_user_assigned_identity.appgw_identity",
            "module.identity.azurerm_user_assigned_identity.vmss_identity",
            "module.network_central.azurerm_application_gateway.appgw",
            "module.network_central.azurerm_lb.vmss_lb",
            "module.network_central.azurerm_lb.was_lb",
            "module.network_central.azurerm_lb_backend_address_pool.bpepool",
            "module.network_central.azurerm_lb_nat_pool.ssh_nat_pool",
            "module.network_central.azurerm_lb_probe.vmss_probe",
            "module.network_central.azurerm_public_ip.appgw_pip",
            "module.network_central.azurerm_public_ip.lb_pip",
            "module.network_central.azurerm_role_assignment.tf_runner_kv_secret_user",
            "module.network_central.azurerm_subnet.subnets",
            "module.network_central.azurerm_virtual_network.vnet",
            "module.network_central.data.azurerm_client_config.current",
            "module.network_central.data.azurerm_key_vault.appgw_kv",
            "module.network_central.data.azurerm_key_vault_secret.ssl_cert_secret",
            "module.security.azurerm_application_insights.app_insights",
            "module.security.azurerm_key_vault.kv",
            "module.security.azurerm_log_analytics_workspace.law",
            "module.security.azurerm_monitor_action_group.main",
            "module.security.data.azurerm_client_config.current",
            "module.security.data.http.my_ip",
            "module.security.random_id.kv"
          ]
        }
      ]
    },
    {
      "module": "module.security",
      "mode": "managed",
      "type": "azurerm_monitor_scheduled_query_rules_alert_v2",
      "name": "security_alert",
      "provider": "provider[\"registry.terraform.io/hashicorp/azurerm\"]",
      "instances": [
        {
          "schema_version": 0,
          "attributes": {
            "action": [
              {
                "action_groups": [
                  "/subscriptions/99b79efe-ebd6-468c-b39f-5669acb259e1/resourceGroups/04-t1-www/providers/Microsoft.Insights/actionGroups/sentinel-alert-email"
                ],
                "custom_properties": {}
              }
            ],
            "auto_mitigation_enabled": false,
            "created_with_api_version": "2023-03-15-preview",
            "criteria": [
              {
                "dimension": [
                  {
                    "name": "AlertName",
                    "operator": "Include",
                    "values": [
                      "*"
                    ]
                  }
                ],
                "failing_periods": [],
                "metric_measure_column": "",
                "operator": "GreaterThan",
                "query": "SecurityAlert\r\n| where TimeGenerated \u003e ago(30m)\r\n| where AlertSeverity in (\"High\", \"Critical\")\r\n| project TimeGenerated, AlertName, AlertSeverity, Description\r\n",
                "resource_id_column": "",
                "threshold": 0,
                "time_aggregation_method": "Count"
              }
            ],
            "description": "Security alerts from Defender for Cloud",
            "display_name": "🛡️ Security Alert Detected",
            "enabled": true,
            "evaluation_frequency": "PT30M",
            "id": "/subscriptions/99b79efe-ebd6-468c-b39f-5669acb259e1/resourceGroups/04-t1-www/providers/Microsoft.Insights/scheduledQueryRules/sentinel-security-alert",
            "identity": [],
            "is_a_legacy_log_analytics_rule": false,
            "is_workspace_alerts_storage_configured": false,
            "location": "koreacentral",
            "mute_actions_after_alert_duration": "",
            "name": "sentinel-security-alert",
            "query_time_range_override": "",
            "resource_group_name": "04-t1-www",
            "scopes": [
              "/subscriptions/99b79efe-ebd6-468c-b39f-5669acb259e1/resourceGroups/04-t1-www/providers/Microsoft.OperationalInsights/workspaces/www-law"
            ],
            "severity": 2,
            "skip_query_validation": false,
            "tags": {
              "ManagedBy": "Terraform",
              "Purpose": "Sentinel-Alert"
            },
            "target_resource_types": [
              "Microsoft.OperationalInsights/workspaces"
            ],
            "timeouts": null,
            "window_duration": "PT30M",
            "workspace_alerts_storage_enabled": false
          },
          "sensitive_attributes": [],
          "identity_schema_version": 0,
          "private": "eyJlMmJmYjczMC1lY2FhLTExZTYtOGY4OC0zNDM2M2JjN2M0YzAiOnsiY3JlYXRlIjoxODAwMDAwMDAwMDAwLCJkZWxldGUiOjE4MDAwMDAwMDAwMDAsInJlYWQiOjMwMDAwMDAwMDAwMCwidXBkYXRlIjoxODAwMDAwMDAwMDAwfX0=",
          "dependencies": [
            "azurerm_resource_group.rg",
            "module.security.azurerm_log_analytics_solution.security",
            "module.security.azurerm_log_analytics_workspace.law",
            "module.security.azurerm_monitor_action_group.sentinel_email",
            "module.security.time_sleep.wait_for_sentinel"
          ]
        }
      ]
    },
    {
      "module": "module.security",
      "mode": "managed",
      "type": "azurerm_monitor_scheduled_query_rules_alert_v2",
      "name": "sentinel_high_severity",
      "provider": "provider[\"registry.terraform.io/hashicorp/azurerm\"]",
      "instances": [
        {
          "schema_version": 0,
          "attributes": {
            "action": [
              {
                "action_groups": [
                  "/subscriptions/99b79efe-ebd6-468c-b39f-5669acb259e1/resourceGroups/04-t1-www/providers/Microsoft.Insights/actionGroups/sentinel-alert-email"
                ],
                "custom_properties": {}
              }
            ],
            "auto_mitigation_enabled": false,
            "created_with_api_version": "2023-03-15-preview",
            "criteria": [
              {
                "dimension": [
                  {
                    "name": "Title",
                    "operator": "Include",
                    "values": [
                      "*"
                    ]
                  },
                  {
                    "name": "Severity",
                    "operator": "Include",
                    "values": [
                      "*"
                    ]
                  }
                ],
                "failing_periods": [],
                "metric_measure_column": "",
                "operator": "GreaterThan",
                "query": "SecurityIncident\r\n| where TimeGenerated \u003e ago(15m)\r\n| where Severity in (\"High\", \"Critical\")\r\n| project TimeGenerated, Title, Severity, Status, IncidentNumber, IncidentUrl\r\n",
                "resource_id_column": "",
                "threshold": 0,
                "time_aggregation_method": "Count"
              }
            ],
            "description": "High/Critical severity Sentinel incidents detected",
            "display_name": "🚨 Sentinel High/Critical Incident",
            "enabled": true,
            "evaluation_frequency": "PT15M",
            "id": "/subscriptions/99b79efe-ebd6-468c-b39f-5669acb259e1/resourceGroups/04-t1-www/providers/Microsoft.Insights/scheduledQueryRules/sentinel-high-severity-incident",
            "identity": [],
            "is_a_legacy_log_analytics_rule": false,
            "is_workspace_alerts_storage_configured": false,
            "location": "koreacentral",
            "mute_actions_after_alert_duration": "",
            "name": "sentinel-high-severity-incident",
            "query_time_range_override": "",
            "resource_group_name": "04-t1-www",
            "scopes": [
              "/subscriptions/99b79efe-ebd6-468c-b39f-5669acb259e1/resourceGroups/04-t1-www/providers/Microsoft.OperationalInsights/workspaces/www-law"
            ],
            "severity": 1,
            "skip_query_validation": false,
            "tags": {
              "ManagedBy": "Terraform",
              "Purpose": "Sentinel-Alert"
            },
            "target_resource_types": [
              "Microsoft.OperationalInsights/workspaces"
            ],
            "timeouts": null,
            "window_duration": "PT15M",
            "workspace_alerts_storage_enabled": false
          },
          "sensitive_attributes": [],
          "identity_schema_version": 0,
          "private": "eyJlMmJmYjczMC1lY2FhLTExZTYtOGY4OC0zNDM2M2JjN2M0YzAiOnsiY3JlYXRlIjoxODAwMDAwMDAwMDAwLCJkZWxldGUiOjE4MDAwMDAwMDAwMDAsInJlYWQiOjMwMDAwMDAwMDAwMCwidXBkYXRlIjoxODAwMDAwMDAwMDAwfX0=",
          "dependencies": [
            "azurerm_resource_group.rg",
            "module.security.azurerm_log_analytics_solution.security",
            "module.security.azurerm_log_analytics_workspace.law",
            "module.security.azurerm_monitor_action_group.sentinel_email",
            "module.security.time_sleep.wait_for_sentinel"
          ]
        }
      ]
    },
    {
      "module": "module.security",
      "mode": "managed",
      "type": "azurerm_monitor_scheduled_query_rules_alert_v2",
      "name": "sentinel_medium_severity",
      "provider": "provider[\"registry.terraform.io/hashicorp/azurerm\"]",
      "instances": [
        {
          "schema_version": 0,
          "attributes": {
            "action": [
              {
                "action_groups": [
                  "/subscriptions/99b79efe-ebd6-468c-b39f-5669acb259e1/resourceGroups/04-t1-www/providers/Microsoft.Insights/actionGroups/sentinel-alert-email"
                ],
                "custom_properties": {}
              }
            ],
            "auto_mitigation_enabled": false,
            "created_with_api_version": "2023-03-15-preview",
            "criteria": [
              {
                "dimension": [
                  {
                    "name": "Title",
                    "operator": "Include",
                    "values": [
                      "*"
                    ]
                  }
                ],
                "failing_periods": [],
                "metric_measure_column": "",
                "operator": "GreaterThan",
                "query": "SecurityIncident\r\n| where TimeGenerated \u003e ago(10m)\r\n| where Severity == \"Medium\"\r\n| project TimeGenerated, Title, Severity, Status, IncidentNumber\r\n",
                "resource_id_column": "",
                "threshold": 0,
                "time_aggregation_method": "Count"
              }
            ],
            "description": "Medium severity Sentinel incidents detected",
            "display_name": "⚠️ Sentinel Medium Incident",
            "enabled": false,
            "evaluation_frequency": "PT10M",
            "id": "/subscriptions/99b79efe-ebd6-468c-b39f-5669acb259e1/resourceGroups/04-t1-www/providers/Microsoft.Insights/scheduledQueryRules/sentinel-medium-severity-incident",
            "identity": [],
            "is_a_legacy_log_analytics_rule": false,
            "is_workspace_alerts_storage_configured": false,
            "location": "koreacentral",
            "mute_actions_after_alert_duration": "",
            "name": "sentinel-medium-severity-incident",
            "query_time_range_override": "",
            "resource_group_name": "04-t1-www",
            "scopes": [
              "/subscriptions/99b79efe-ebd6-468c-b39f-5669acb259e1/resourceGroups/04-t1-www/providers/Microsoft.OperationalInsights/workspaces/www-law"
            ],
            "severity": 2,
            "skip_query_validation": false,
            "tags": {
              "ManagedBy": "Terraform",
              "Purpose": "Sentinel-Alert"
            },
            "target_resource_types": [
              "Microsoft.OperationalInsights/workspaces"
            ],
            "timeouts": null,
            "window_duration": "PT10M",
            "workspace_alerts_storage_enabled": false
          },
          "sensitive_attributes": [],
          "identity_schema_version": 0,
          "private": "eyJlMmJmYjczMC1lY2FhLTExZTYtOGY4OC0zNDM2M2JjN2M0YzAiOnsiY3JlYXRlIjoxODAwMDAwMDAwMDAwLCJkZWxldGUiOjE4MDAwMDAwMDAwMDAsInJlYWQiOjMwMDAwMDAwMDAwMCwidXBkYXRlIjoxODAwMDAwMDAwMDAwfX0=",
          "dependencies": [
            "azurerm_resource_group.rg",
            "module.security.azurerm_log_analytics_solution.security",
            "module.security.azurerm_log_analytics_workspace.law",
            "module.security.azurerm_monitor_action_group.sentinel_email",
            "module.security.time_sleep.wait_for_sentinel"
          ]
        }
      ]
    },
    {
      "module": "module.security",
      "mode": "managed",
      "type": "azurerm_network_security_group",
      "name": "nsg_appgw",
      "provider": "provider[\"registry.terraform.io/hashicorp/azurerm\"]",
      "instances": [
        {
          "schema_version": 0,
          "attributes": {
            "id": "/subscriptions/99b79efe-ebd6-468c-b39f-5669acb259e1/resourceGroups/04-t1-www/providers/Microsoft.Network/networkSecurityGroups/www-nsg-appgw",
            "location": "koreacentral",
            "name": "www-nsg-appgw",
            "resource_group_name": "04-t1-www",
            "security_rule": [
              {
                "access": "Allow",
                "description": "",
                "destination_address_prefix": "*",
                "destination_address_prefixes": [],
                "destination_application_security_group_ids": [],
                "destination_port_range": "",
                "destination_port_ranges": [
                  "443",
                  "80"
                ],
                "direction": "Inbound",
                "name": "allow-http-https",
                "priority": 101,
                "protocol": "Tcp",
                "source_address_prefix": "*",
                "source_address_prefixes": [],
                "source_application_security_group_ids": [],
                "source_port_range": "*",
                "source_port_ranges": []
              },
              {
                "access": "Allow",
                "description": "",
                "destination_address_prefix": "*",
                "destination_address_prefixes": [],
                "destination_application_security_group_ids": [],
                "destination_port_range": "*",
                "destination_port_ranges": [],
                "direction": "Inbound",
                "name": "allow-azure-load-balancer",
                "priority": 120,
                "protocol": "*",
                "source_address_prefix": "AzureLoadBalancer",
                "source_address_prefixes": [],
                "source_application_security_group_ids": [],
                "source_port_range": "*",
                "source_port_ranges": []
              },
              {
                "access": "Allow",
                "description": "",
                "destination_address_prefix": "*",
                "destination_address_prefixes": [],
                "destination_application_security_group_ids": [],
                "destination_port_range": "65200-65535",
                "destination_port_ranges": [],
                "direction": "Inbound",
                "name": "allow-gateway-manager",
                "priority": 100,
                "protocol": "Tcp",
                "source_address_prefix": "GatewayManager",
                "source_address_prefixes": [],
                "source_application_security_group_ids": [],
                "source_port_range": "*",
                "source_port_ranges": []
              }
            ],
            "tags": {
              "Environment": "Production",
              "ManagedBy": "Terraform",
              "Purpose": "AppGateway-Access"
            },
            "timeouts": null
          },
          "sensitive_attributes": [],
          "identity_schema_version": 0,
          "identity": {
            "name": "www-nsg-appgw",
            "resource_group_name": "04-t1-www",
            "subscription_id": "99b79efe-ebd6-468c-b39f-5669acb259e1"
          },
          "private": "eyJlMmJmYjczMC1lY2FhLTExZTYtOGY4OC0zNDM2M2JjN2M0YzAiOnsiY3JlYXRlIjoxODAwMDAwMDAwMDAwLCJkZWxldGUiOjE4MDAwMDAwMDAwMDAsInJlYWQiOjMwMDAwMDAwMDAwMCwidXBkYXRlIjoxODAwMDAwMDAwMDAwfX0=",
          "dependencies": [
            "azurerm_resource_group.rg"
          ]
        }
      ]
    },
    {
      "module": "module.security",
      "mode": "managed",
      "type": "azurerm_network_security_group",
      "name": "nsg_db",
      "provider": "provider[\"registry.terraform.io/hashicorp/azurerm\"]",
      "instances": [
        {
          "schema_version": 0,
          "attributes": {
            "id": "/subscriptions/99b79efe-ebd6-468c-b39f-5669acb259e1/resourceGroups/04-t1-www/providers/Microsoft.Network/networkSecurityGroups/www-nsg-db",
            "location": "koreacentral",
            "name": "www-nsg-db",
            "resource_group_name": "04-t1-www",
            "security_rule": [
              {
                "access": "Allow",
                "description": "",
                "destination_address_prefix": "*",
                "destination_address_prefixes": [],
                "destination_application_security_group_ids": [],
                "destination_port_range": "3306",
                "destination_port_ranges": [],
                "direction": "Inbound",
                "name": "allow-mysql-internal",
                "priority": 100,
                "protocol": "Tcp",
                "source_address_prefix": "",
                "source_address_prefixes": [
                  "192.168.5.0/24"
                ],
                "source_application_security_group_ids": [],
                "source_port_range": "*",
                "source_port_ranges": []
              },
              {
                "access": "Allow",
                "description": "",
                "destination_address_prefix": "*",
                "destination_address_prefixes": [],
                "destination_application_security_group_ids": [],
                "destination_port_range": "6380",
                "destination_port_ranges": [],
                "direction": "Inbound",
                "name": "allow-redis-internal",
                "priority": 110,
                "protocol": "Tcp",
                "source_address_prefix": "",
                "source_address_prefixes": [
                  "192.168.5.0/24"
                ],
                "source_application_security_group_ids": [],
                "source_port_range": "*",
                "source_port_ranges": []
              },
              {
                "access": "Deny",
                "description": "",
                "destination_address_prefix": "*",
                "destination_address_prefixes": [],
                "destination_application_security_group_ids": [],
                "destination_port_range": "*",
                "destination_port_ranges": [],
                "direction": "Inbound",
                "name": "deny-all-inbound",
                "priority": 4096,
                "protocol": "*",
                "source_address_prefix": "*",
                "source_address_prefixes": [],
                "source_application_security_group_ids": [],
                "source_port_range": "*",
                "source_port_ranges": []
              }
            ],
            "tags": {
              "Environment": "Production",
              "ManagedBy": "Terraform",
              "Purpose": "Database-Access"
            },
            "timeouts": null
          },
          "sensitive_attributes": [],
          "identity_schema_version": 0,
          "identity": {
            "name": "www-nsg-db",
            "resource_group_name": "04-t1-www",
            "subscription_id": "99b79efe-ebd6-468c-b39f-5669acb259e1"
          },
          "private": "eyJlMmJmYjczMC1lY2FhLTExZTYtOGY4OC0zNDM2M2JjN2M0YzAiOnsiY3JlYXRlIjoxODAwMDAwMDAwMDAwLCJkZWxldGUiOjE4MDAwMDAwMDAwMDAsInJlYWQiOjMwMDAwMDAwMDAwMCwidXBkYXRlIjoxODAwMDAwMDAwMDAwfX0=",
          "dependencies": [
            "azurerm_resource_group.rg"
          ]
        }
      ]
    },
    {
      "module": "module.security",
      "mode": "managed",
      "type": "azurerm_network_security_group",
      "name": "nsg_http",
      "provider": "provider[\"registry.terraform.io/hashicorp/azurerm\"]",
      "instances": [
        {
          "schema_version": 0,
          "attributes": {
            "id": "/subscriptions/99b79efe-ebd6-468c-b39f-5669acb259e1/resourceGroups/04-t1-www/providers/Microsoft.Network/networkSecurityGroups/www-nsg-http",
            "location": "koreacentral",
            "name": "www-nsg-http",
            "resource_group_name": "04-t1-www",
            "security_rule": [
              {
                "access": "Allow",
                "description": "",
                "destination_address_prefix": "*",
                "destination_address_prefixes": [],
                "destination_application_security_group_ids": [],
                "destination_port_range": "",
                "destination_port_ranges": [
                  "443",
                  "80"
                ],
                "direction": "Inbound",
                "name": "allow-http-https",
                "priority": 101,
                "protocol": "Tcp",
                "source_address_prefix": "*",
                "source_address_prefixes": [],
                "source_application_security_group_ids": [],
                "source_port_range": "*",
                "source_port_ranges": []
              },
              {
                "access": "Allow",
                "description": "",
                "destination_address_prefix": "*",
                "destination_address_prefixes": [],
                "destination_application_security_group_ids": [],
                "destination_port_range": "*",
                "destination_port_ranges": [],
                "direction": "Inbound",
                "name": "allow-azure-load-balancer",
                "priority": 120,
                "protocol": "*",
                "source_address_prefix": "AzureLoadBalancer",
                "source_address_prefixes": [],
                "source_application_security_group_ids": [],
                "source_port_range": "*",
                "source_port_ranges": []
              },
              {
                "access": "Allow",
                "description": "",
                "destination_address_prefix": "*",
                "destination_address_prefixes": [],
                "destination_application_security_group_ids": [],
                "destination_port_range": "*",
                "destination_port_ranges": [],
                "direction": "Inbound",
                "name": "allow-azure-load-balancer-was",
                "priority": 125,
                "protocol": "*",
                "source_address_prefix": "AzureLoadBalancer",
                "source_address_prefixes": [],
                "source_application_security_group_ids": [],
                "source_port_range": "*",
                "source_port_ranges": []
              },
              {
                "access": "Allow",
                "description": "",
                "destination_address_prefix": "*",
                "destination_address_prefixes": [],
                "destination_application_security_group_ids": [],
                "destination_port_range": "22",
                "destination_port_ranges": [],
                "direction": "Inbound",
                "name": "allow-ssh-from-bastion",
                "priority": 110,
                "protocol": "Tcp",
                "source_address_prefix": "",
                "source_address_prefixes": [
                  "10.0.1.0/24",
                  "10.1.1.0/24",
                  "192.168.0.0/16"
                ],
                "source_application_security_group_ids": [],
                "source_port_range": "*",
                "source_port_ranges": []
              },
              {
                "access": "Allow",
                "description": "",
                "destination_address_prefix": "*",
                "destination_address_prefixes": [],
                "destination_application_security_group_ids": [],
                "destination_port_range": "22",
                "destination_port_ranges": [],
                "direction": "Inbound",
                "name": "allow-ssh-nat-pool",
                "priority": 105,
                "protocol": "Tcp",
                "source_address_prefix": "",
                "source_address_prefixes": [
                  "211.227.107.208",
                  "211.252.127.132",
                  "61.108.60.26"
                ],
                "source_application_security_group_ids": [],
                "source_port_range": "*",
                "source_port_ranges": []
              },
              {
                "access": "Allow",
                "description": "",
                "destination_address_prefix": "*",
                "destination_address_prefixes": [],
                "destination_application_security_group_ids": [],
                "destination_port_range": "80",
                "destination_port_ranges": [],
                "direction": "Inbound",
                "name": "allow-http-from-web-was",
                "priority": 126,
                "protocol": "Tcp",
                "source_address_prefix": "VirtualNetwork",
                "source_address_prefixes": [],
                "source_application_security_group_ids": [],
                "source_port_range": "*",
                "source_port_ranges": []
              },
              {
                "access": "Allow",
                "description": "",
                "destination_address_prefix": "172.16.1.0/24",
                "destination_address_prefixes": [],
                "destination_application_security_group_ids": [],
                "destination_port_range": "3306",
                "destination_port_ranges": [],
                "direction": "Outbound",
                "name": "allow-mysql-outbound",
                "priority": 130,
                "protocol": "Tcp",
                "source_address_prefix": "*",
                "source_address_prefixes": [],
                "source_application_security_group_ids": [],
                "source_port_range": "*",
                "source_port_ranges": []
              },
              {
                "access": "Allow",
                "description": "",
                "destination_address_prefix": "172.16.1.0/24",
                "destination_address_prefixes": [],
                "destination_application_security_group_ids": [],
                "destination_port_range": "6380",
                "destination_port_ranges": [],
                "direction": "Outbound",
                "name": "allow-redis-outbound",
                "priority": 135,
                "protocol": "Tcp",
                "source_address_prefix": "*",
                "source_address_prefixes": [],
                "source_application_security_group_ids": [],
                "source_port_range": "*",
                "source_port_ranges": []
              },
              {
                "access": "Allow",
                "description": "",
                "destination_address_prefix": "192.168.5.0/24",
                "destination_address_prefixes": [],
                "destination_application_security_group_ids": [],
                "destination_port_range": "",
                "destination_port_ranges": [
                  "25",
                  "587"
                ],
                "direction": "Inbound",
                "name": "allow-smtp-inbound",
                "priority": 130,
                "protocol": "Tcp",
                "source_address_prefix": "*",
                "source_address_prefixes": [],
                "source_application_security_group_ids": [],
                "source_port_range": "*",
                "source_port_ranges": []
              },
              {
                "access": "Allow",
                "description": "",
                "destination_address_prefix": "192.168.5.0/24",
                "destination_address_prefixes": [],
                "destination_application_security_group_ids": [],
                "destination_port_range": "993",
                "destination_port_ranges": [],
                "direction": "Inbound",
                "name": "allow-imap-inbound",
                "priority": 140,
                "protocol": "Tcp",
                "source_address_prefix": "*",
                "source_address_prefixes": [],
                "source_application_security_group_ids": [],
                "source_port_range": "*",
                "source_port_ranges": []
              },
              {
                "access": "Allow",
                "description": "",
                "destination_address_prefix": "Internet",
                "destination_address_prefixes": [],
                "destination_application_security_group_ids": [],
                "destination_port_range": "",
                "destination_port_ranges": [
                  "25",
                  "587"
                ],
                "direction": "Outbound",
                "name": "allow-smtp-outbound",
                "priority": 120,
                "protocol": "Tcp",
                "source_address_prefix": "*",
                "source_address_prefixes": [],
                "source_application_security_group_ids": [],
                "source_port_range": "*",
                "source_port_ranges": []
              },
              {
                "access": "Allow",
                "description": "",
                "destination_address_prefix": "Internet",
                "destination_address_prefixes": [],
                "destination_application_security_group_ids": [],
                "destination_port_range": "",
                "destination_port_ranges": [
                  "443",
                  "80"
                ],
                "direction": "Outbound",
                "name": "allow-web-outbound",
                "priority": 100,
                "protocol": "Tcp",
                "source_address_prefix": "*",
                "source_address_prefixes": [],
                "source_application_security_group_ids": [],
                "source_port_range": "*",
                "source_port_ranges": []
              },
              {
                "access": "Allow",
                "description": "",
                "destination_address_prefix": "Internet",
                "destination_address_prefixes": [],
                "destination_application_security_group_ids": [],
                "destination_port_range": "53",
                "destination_port_ranges": [],
                "direction": "Outbound",
                "name": "allow-dns-outbound",
                "priority": 110,
                "protocol": "Udp",
                "source_address_prefix": "*",
                "source_address_prefixes": [],
                "source_application_security_group_ids": [],
                "source_port_range": "*",
                "source_port_ranges": []
              },
              {
                "access": "Allow",
                "description": "",
                "destination_address_prefix": "VirtualNetwork",
                "destination_address_prefixes": [],
                "destination_application_security_group_ids": [],
                "destination_port_range": "*",
                "destination_port_ranges": [],
                "direction": "Inbound",
                "name": "allow-vnet-internal",
                "priority": 115,
                "protocol": "*",
                "source_address_prefix": "VirtualNetwork",
                "source_address_prefixes": [],
                "source_application_security_group_ids": [],
                "source_port_range": "*",
                "source_port_ranges": []
              },
              {
                "access": "Allow",
                "description": "",
                "destination_address_prefix": "VirtualNetwork",
                "destination_address_prefixes": [],
                "destination_application_security_group_ids": [],
                "destination_port_range": "*",
                "destination_port_ranges": [],
                "direction": "Outbound",
                "name": "allow-vnet-outbound",
                "priority": 125,
                "protocol": "*",
                "source_address_prefix": "VirtualNetwork",
                "source_address_prefixes": [],
                "source_application_security_group_ids": [],
                "source_port_range": "*",
                "source_port_ranges": []
              },
              {
                "access": "Deny",
                "description": "",
                "destination_address_prefix": "*",
                "destination_address_prefixes": [],
                "destination_application_security_group_ids": [],
                "destination_port_range": "*",
                "destination_port_ranges": [],
                "direction": "Inbound",
                "name": "deny-all-inbound",
                "priority": 4096,
                "protocol": "*",
                "source_address_prefix": "*",
                "source_address_prefixes": [],
                "source_application_security_group_ids": [],
                "source_port_range": "*",
                "source_port_ranges": []
              },
              {
                "access": "Deny",
                "description": "",
                "destination_address_prefix": "10.1.1.0/24",
                "destination_address_prefixes": [],
                "destination_application_security_group_ids": [],
                "destination_port_range": "*",
                "destination_port_ranges": [],
                "direction": "Outbound",
                "name": "deny-bastion-outbound",
                "priority": 105,
                "protocol": "*",
                "source_address_prefix": "*",
                "source_address_prefixes": [],
                "source_application_security_group_ids": [],
                "source_port_range": "*",
                "source_port_ranges": []
              }
            ],
            "tags": {
              "Environment": "Production",
              "ManagedBy": "Terraform",
              "Purpose": "Web-Access"
            },
            "timeouts": null
          },
          "sensitive_attributes": [],
          "identity_schema_version": 0,
          "identity": {
            "name": "www-nsg-http",
            "resource_group_name": "04-t1-www",
            "subscription_id": "99b79efe-ebd6-468c-b39f-5669acb259e1"
          },
          "private": "eyJlMmJmYjczMC1lY2FhLTExZTYtOGY4OC0zNDM2M2JjN2M0YzAiOnsiY3JlYXRlIjoxODAwMDAwMDAwMDAwLCJkZWxldGUiOjE4MDAwMDAwMDAwMDAsInJlYWQiOjMwMDAwMDAwMDAwMCwidXBkYXRlIjoxODAwMDAwMDAwMDAwfX0=",
          "dependencies": [
            "azurerm_resource_group.rg"
          ]
        }
      ]
    },
    {
      "module": "module.security",
      "mode": "managed",
      "type": "azurerm_network_security_group",
      "name": "nsg_hub_bastion",
      "provider": "provider[\"registry.terraform.io/hashicorp/azurerm\"]",
      "instances": [
        {
          "schema_version": 0,
          "attributes": {
            "id": "/subscriptions/99b79efe-ebd6-468c-b39f-5669acb259e1/resourceGroups/04-t1-www/providers/Microsoft.Network/networkSecurityGroups/hub-nsg-bastion",
            "location": "koreacentral",
            "name": "hub-nsg-bastion",
            "resource_group_name": "04-t1-www",
            "security_rule": [
              {
                "access": "Allow",
                "description": "",
                "destination_address_prefix": "*",
                "destination_address_prefixes": [],
                "destination_application_security_group_ids": [],
                "destination_port_range": "443",
                "destination_port_ranges": [],
                "direction": "Inbound",
                "name": "AllowAzureLoadBalancerInbound",
                "priority": 140,
                "protocol": "Tcp",
                "source_address_prefix": "AzureLoadBalancer",
                "source_address_prefixes": [],
                "source_application_security_group_ids": [],
                "source_port_range": "*",
                "source_port_ranges": []
              },
              {
                "access": "Allow",
                "description": "",
                "destination_address_prefix": "*",
                "destination_address_prefixes": [],
                "destination_application_security_group_ids": [],
                "destination_port_range": "443",
                "destination_port_ranges": [],
                "direction": "Inbound",
                "name": "AllowGatewayManagerInbound",
                "priority": 130,
                "protocol": "Tcp",
                "source_address_prefix": "GatewayManager",
                "source_address_prefixes": [],
                "source_application_security_group_ids": [],
                "source_port_range": "*",
                "source_port_ranges": []
              },
              {
                "access": "Allow",
                "description": "",
                "destination_address_prefix": "*",
                "destination_address_prefixes": [],
                "destination_application_security_group_ids": [],
                "destination_port_range": "443",
                "destination_port_ranges": [],
                "direction": "Inbound",
                "name": "AllowHttpsInbound",
                "priority": 120,
                "protocol": "Tcp",
                "source_address_prefix": "Internet",
                "source_address_prefixes": [],
                "source_application_security_group_ids": [],
                "source_port_range": "*",
                "source_port_ranges": []
              },
              {
                "access": "Allow",
                "description": "",
                "destination_address_prefix": "AzureCloud",
                "destination_address_prefixes": [],
                "destination_application_security_group_ids": [],
                "destination_port_range": "443",
                "destination_port_ranges": [],
                "direction": "Outbound",
                "name": "AllowAzureCloudOutbound",
                "priority": 110,
                "protocol": "Tcp",
                "source_address_prefix": "*",
                "source_address_prefixes": [],
                "source_application_security_group_ids": [],
                "source_port_range": "*",
                "source_port_ranges": []
              },
              {
                "access": "Allow",
                "description": "",
                "destination_address_prefix": "Internet",
                "destination_address_prefixes": [],
                "destination_application_security_group_ids": [],
                "destination_port_range": "80",
                "destination_port_ranges": [],
                "direction": "Outbound",
                "name": "AllowGetSessionInformation",
                "priority": 130,
                "protocol": "*",
                "source_address_prefix": "*",
                "source_address_prefixes": [],
                "source_application_security_group_ids": [],
                "source_port_range": "*",
                "source_port_ranges": []
              },
              {
                "access": "Allow",
                "description": "",
                "destination_address_prefix": "VirtualNetwork",
                "destination_address_prefixes": [],
                "destination_application_security_group_ids": [],
                "destination_port_range": "",
                "destination_port_ranges": [
                  "22",
                  "3389"
                ],
                "direction": "Outbound",
                "name": "AllowSshRdpOutbound",
                "priority": 100,
                "protocol": "*",
                "source_address_prefix": "*",
                "source_address_prefixes": [],
                "source_application_security_group_ids": [],
                "source_port_range": "*",
                "source_port_ranges": []
              },
              {
                "access": "Allow",
                "description": "",
                "destination_address_prefix": "VirtualNetwork",
                "destination_address_prefixes": [],
                "destination_application_security_group_ids": [],
                "destination_port_range": "",
                "destination_port_ranges": [
                  "5701",
                  "8080"
                ],
                "direction": "Inbound",
                "name": "AllowBastionHostCommunication",
                "priority": 150,
                "protocol": "*",
                "source_address_prefix": "VirtualNetwork",
                "source_address_prefixes": [],
                "source_application_security_group_ids": [],
                "source_port_range": "*",
                "source_port_ranges": []
              },
              {
                "access": "Allow",
                "description": "",
                "destination_address_prefix": "VirtualNetwork",
                "destination_address_prefixes": [],
                "destination_application_security_group_ids": [],
                "destination_port_range": "",
                "destination_port_ranges": [
                  "5701",
                  "8080"
                ],
                "direction": "Outbound",
                "name": "AllowBastionCommunicationOutbound",
                "priority": 120,
                "protocol": "*",
                "source_address_prefix": "VirtualNetwork",
                "source_address_prefixes": [],
                "source_application_security_group_ids": [],
                "source_port_range": "*",
                "source_port_ranges": []
              }
            ],
            "tags": {
              "Environment": "Production",
              "ManagedBy": "Terraform",
              "Purpose": "Azure-Bastion-Service"
            },
            "timeouts": null
          },
          "sensitive_attributes": [],
          "identity_schema_version": 0,
          "identity": {
            "name": "hub-nsg-bastion",
            "resource_group_name": "04-t1-www",
            "subscription_id": "99b79efe-ebd6-468c-b39f-5669acb259e1"
          },
          "private": "eyJlMmJmYjczMC1lY2FhLTExZTYtOGY4OC0zNDM2M2JjN2M0YzAiOnsiY3JlYXRlIjoxODAwMDAwMDAwMDAwLCJkZWxldGUiOjE4MDAwMDAwMDAwMDAsInJlYWQiOjMwMDAwMDAwMDAwMCwidXBkYXRlIjoxODAwMDAwMDAwMDAwfX0=",
          "dependencies": [
            "azurerm_resource_group.rg"
          ]
        }
      ]
    },
    {
      "module": "module.security",
      "mode": "managed",
      "type": "azurerm_network_security_group",
      "name": "nsg_ssh",
      "provider": "provider[\"registry.terraform.io/hashicorp/azurerm\"]",
      "instances": [
        {
          "schema_version": 0,
          "attributes": {
            "id": "/subscriptions/99b79efe-ebd6-468c-b39f-5669acb259e1/resourceGroups/04-t1-www/providers/Microsoft.Network/networkSecurityGroups/www-nsg-ssh",
            "location": "koreacentral",
            "name": "www-nsg-ssh",
            "resource_group_name": "04-t1-www",
            "security_rule": [
              {
                "access": "Allow",
                "description": "",
                "destination_address_prefix": "*",
                "destination_address_prefixes": [],
                "destination_application_security_group_ids": [],
                "destination_port_range": "22",
                "destination_port_ranges": [],
                "direction": "Inbound",
                "name": "allow-ssh-internal",
                "priority": 100,
                "protocol": "Tcp",
                "source_address_prefix": "10.0.1.0/24",
                "source_address_prefixes": [],
                "source_application_security_group_ids": [],
                "source_port_range": "*",
                "source_port_ranges": []
              },
              {
                "access": "Deny",
                "description": "",
                "destination_address_prefix": "*",
                "destination_address_prefixes": [],
                "destination_application_security_group_ids": [],
                "destination_port_range": "*",
                "destination_port_ranges": [],
                "direction": "Inbound",
                "name": "deny-all-inbound",
                "priority": 4096,
                "protocol": "*",
                "source_address_prefix": "*",
                "source_address_prefixes": [],
                "source_application_security_group_ids": [],
                "source_port_range": "*",
                "source_port_ranges": []
              }
            ],
            "tags": {
              "Environment": "Production",
              "ManagedBy": "Terraform",
              "Purpose": "SSH-Access"
            },
            "timeouts": null
          },
          "sensitive_attributes": [],
          "identity_schema_version": 0,
          "identity": {
            "name": "www-nsg-ssh",
            "resource_group_name": "04-t1-www",
            "subscription_id": "99b79efe-ebd6-468c-b39f-5669acb259e1"
          },
          "private": "eyJlMmJmYjczMC1lY2FhLTExZTYtOGY4OC0zNDM2M2JjN2M0YzAiOnsiY3JlYXRlIjoxODAwMDAwMDAwMDAwLCJkZWxldGUiOjE4MDAwMDAwMDAwMDAsInJlYWQiOjMwMDAwMDAwMDAwMCwidXBkYXRlIjoxODAwMDAwMDAwMDAwfX0=",
          "dependencies": [
            "azurerm_resource_group.rg"
          ]
        }
      ]
    },
    {
      "module": "module.security",
      "mode": "managed",
      "type": "azurerm_network_security_rule",
      "name": "db_access",
      "provider": "provider[\"registry.terraform.io/hashicorp/azurerm\"]",
      "instances": [
        {
          "schema_version": 0,
          "attributes": {
            "access": "Allow",
            "description": "",
            "destination_address_prefix": "*",
            "destination_address_prefixes": [],
            "destination_application_security_group_ids": [],
            "destination_port_range": "3306",
            "destination_port_ranges": [],
            "direction": "Inbound",
            "id": "/subscriptions/99b79efe-ebd6-468c-b39f-5669acb259e1/resourceGroups/04-t1-www/providers/Microsoft.Network/networkSecurityGroups/www-nsg-db/securityRules/allow-mysql-internal",
            "name": "allow-mysql-internal",
            "network_security_group_name": "www-nsg-db",
            "priority": 100,
            "protocol": "Tcp",
            "resource_group_name": "04-t1-www",
            "source_address_prefix": "",
            "source_address_prefixes": [
              "192.168.5.0/24"
            ],
            "source_application_security_group_ids": [],
            "source_port_range": "*",
            "source_port_ranges": [],
            "timeouts": null
          },
          "sensitive_attributes": [],
          "identity_schema_version": 0,
          "identity": {
            "name": "allow-mysql-internal",
            "network_security_group_name": "www-nsg-db",
            "resource_group_name": "04-t1-www",
            "subscription_id": "99b79efe-ebd6-468c-b39f-5669acb259e1"
          },
          "private": "eyJlMmJmYjczMC1lY2FhLTExZTYtOGY4OC0zNDM2M2JjN2M0YzAiOnsiY3JlYXRlIjoxODAwMDAwMDAwMDAwLCJkZWxldGUiOjE4MDAwMDAwMDAwMDAsInJlYWQiOjMwMDAwMDAwMDAwMCwidXBkYXRlIjoxODAwMDAwMDAwMDAwfX0=",
          "dependencies": [
            "azurerm_resource_group.rg",
            "module.security.azurerm_network_security_group.nsg_db"
          ]
        }
      ]
    },
    {
      "module": "module.security",
      "mode": "managed",
      "type": "azurerm_network_security_rule",
      "name": "db_deny_all",
      "provider": "provider[\"registry.terraform.io/hashicorp/azurerm\"]",
      "instances": [
        {
          "schema_version": 0,
          "attributes": {
            "access": "Deny",
            "description": "",
            "destination_address_prefix": "*",
            "destination_address_prefixes": [],
            "destination_application_security_group_ids": [],
            "destination_port_range": "*",
            "destination_port_ranges": [],
            "direction": "Inbound",
            "id": "/subscriptions/99b79efe-ebd6-468c-b39f-5669acb259e1/resourceGroups/04-t1-www/providers/Microsoft.Network/networkSecurityGroups/www-nsg-db/securityRules/deny-all-inbound",
            "name": "deny-all-inbound",
            "network_security_group_name": "www-nsg-db",
            "priority": 4096,
            "protocol": "*",
            "resource_group_name": "04-t1-www",
            "source_address_prefix": "*",
            "source_address_prefixes": [],
            "source_application_security_group_ids": [],
            "source_port_range": "*",
            "source_port_ranges": [],
            "timeouts": null
          },
          "sensitive_attributes": [],
          "identity_schema_version": 0,
          "identity": {
            "name": "deny-all-inbound",
            "network_security_group_name": "www-nsg-db",
            "resource_group_name": "04-t1-www",
            "subscription_id": "99b79efe-ebd6-468c-b39f-5669acb259e1"
          },
          "private": "eyJlMmJmYjczMC1lY2FhLTExZTYtOGY4OC0zNDM2M2JjN2M0YzAiOnsiY3JlYXRlIjoxODAwMDAwMDAwMDAwLCJkZWxldGUiOjE4MDAwMDAwMDAwMDAsInJlYWQiOjMwMDAwMDAwMDAwMCwidXBkYXRlIjoxODAwMDAwMDAwMDAwfX0=",
          "dependencies": [
            "azurerm_resource_group.rg",
            "module.security.azurerm_network_security_group.nsg_db"
          ]
        }
      ]
    },
    {
      "module": "module.security",
      "mode": "managed",
      "type": "azurerm_network_security_rule",
      "name": "hub_bas_azure_cloud_outbound",
      "provider": "provider[\"registry.terraform.io/hashicorp/azurerm\"]",
      "instances": [
        {
          "schema_version": 0,
          "attributes": {
            "access": "Allow",
            "description": "",
            "destination_address_prefix": "AzureCloud",
            "destination_address_prefixes": [],
            "destination_application_security_group_ids": [],
            "destination_port_range": "443",
            "destination_port_ranges": [],
            "direction": "Outbound",
            "id": "/subscriptions/99b79efe-ebd6-468c-b39f-5669acb259e1/resourceGroups/04-t1-www/providers/Microsoft.Network/networkSecurityGroups/hub-nsg-bastion/securityRules/AllowAzureCloudOutbound",
            "name": "AllowAzureCloudOutbound",
            "network_security_group_name": "hub-nsg-bastion",
            "priority": 110,
            "protocol": "Tcp",
            "resource_group_name": "04-t1-www",
            "source_address_prefix": "*",
            "source_address_prefixes": [],
            "source_application_security_group_ids": [],
            "source_port_range": "*",
            "source_port_ranges": [],
            "timeouts": null
          },
          "sensitive_attributes": [],
          "identity_schema_version": 0,
          "identity": {
            "name": "AllowAzureCloudOutbound",
            "network_security_group_name": "hub-nsg-bastion",
            "resource_group_name": "04-t1-www",
            "subscription_id": "99b79efe-ebd6-468c-b39f-5669acb259e1"
          },
          "private": "eyJlMmJmYjczMC1lY2FhLTExZTYtOGY4OC0zNDM2M2JjN2M0YzAiOnsiY3JlYXRlIjoxODAwMDAwMDAwMDAwLCJkZWxldGUiOjE4MDAwMDAwMDAwMDAsInJlYWQiOjMwMDAwMDAwMDAwMCwidXBkYXRlIjoxODAwMDAwMDAwMDAwfX0=",
          "dependencies": [
            "azurerm_resource_group.rg",
            "module.security.azurerm_network_security_group.nsg_hub_bastion"
          ]
        }
      ]
    },
    {
      "module": "module.security",
      "mode": "managed",
      "type": "azurerm_network_security_rule",
      "name": "hub_bas_communication_outbound",
      "provider": "provider[\"registry.terraform.io/hashicorp/azurerm\"]",
      "instances": [
        {
          "schema_version": 0,
          "attributes": {
            "access": "Allow",
            "description": "",
            "destination_address_prefix": "VirtualNetwork",
            "destination_address_prefixes": [],
            "destination_application_security_group_ids": [],
            "destination_port_range": "",
            "destination_port_ranges": [
              "5701",
              "8080"
            ],
            "direction": "Outbound",
            "id": "/subscriptions/99b79efe-ebd6-468c-b39f-5669acb259e1/resourceGroups/04-t1-www/providers/Microsoft.Network/networkSecurityGroups/hub-nsg-bastion/securityRules/AllowBastionCommunicationOutbound",
            "name": "AllowBastionCommunicationOutbound",
            "network_security_group_name": "hub-nsg-bastion",
            "priority": 120,
            "protocol": "*",
            "resource_group_name": "04-t1-www",
            "source_address_prefix": "VirtualNetwork",
            "source_address_prefixes": [],
            "source_application_security_group_ids": [],
            "source_port_range": "*",
            "source_port_ranges": [],
            "timeouts": null
          },
          "sensitive_attributes": [],
          "identity_schema_version": 0,
          "identity": {
            "name": "AllowBastionCommunicationOutbound",
            "network_security_group_name": "hub-nsg-bastion",
            "resource_group_name": "04-t1-www",
            "subscription_id": "99b79efe-ebd6-468c-b39f-5669acb259e1"
          },
          "private": "eyJlMmJmYjczMC1lY2FhLTExZTYtOGY4OC0zNDM2M2JjN2M0YzAiOnsiY3JlYXRlIjoxODAwMDAwMDAwMDAwLCJkZWxldGUiOjE4MDAwMDAwMDAwMDAsInJlYWQiOjMwMDAwMDAwMDAwMCwidXBkYXRlIjoxODAwMDAwMDAwMDAwfX0=",
          "dependencies": [
            "azurerm_resource_group.rg",
            "module.security.azurerm_network_security_group.nsg_hub_bastion"
          ]
        }
      ]
    },
    {
      "module": "module.security",
      "mode": "managed",
      "type": "azurerm_network_security_rule",
      "name": "hub_bas_gateway_manager",
      "provider": "provider[\"registry.terraform.io/hashicorp/azurerm\"]",
      "instances": [
        {
          "schema_version": 0,
          "attributes": {
            "access": "Allow",
            "description": "",
            "destination_address_prefix": "*",
            "destination_address_prefixes": [],
            "destination_application_security_group_ids": [],
            "destination_port_range": "443",
            "destination_port_ranges": [],
            "direction": "Inbound",
            "id": "/subscriptions/99b79efe-ebd6-468c-b39f-5669acb259e1/resourceGroups/04-t1-www/providers/Microsoft.Network/networkSecurityGroups/hub-nsg-bastion/securityRules/AllowGatewayManagerInbound",
            "name": "AllowGatewayManagerInbound",
            "network_security_group_name": "hub-nsg-bastion",
            "priority": 130,
            "protocol": "Tcp",
            "resource_group_name": "04-t1-www",
            "source_address_prefix": "GatewayManager",
            "source_address_prefixes": [],
            "source_application_security_group_ids": [],
            "source_port_range": "*",
            "source_port_ranges": [],
            "timeouts": null
          },
          "sensitive_attributes": [],
          "identity_schema_version": 0,
          "identity": {
            "name": "AllowGatewayManagerInbound",
            "network_security_group_name": "hub-nsg-bastion",
            "resource_group_name": "04-t1-www",
            "subscription_id": "99b79efe-ebd6-468c-b39f-5669acb259e1"
          },
          "private": "eyJlMmJmYjczMC1lY2FhLTExZTYtOGY4OC0zNDM2M2JjN2M0YzAiOnsiY3JlYXRlIjoxODAwMDAwMDAwMDAwLCJkZWxldGUiOjE4MDAwMDAwMDAwMDAsInJlYWQiOjMwMDAwMDAwMDAwMCwidXBkYXRlIjoxODAwMDAwMDAwMDAwfX0=",
          "dependencies": [
            "azurerm_resource_group.rg",
            "module.security.azurerm_network_security_group.nsg_hub_bastion"
          ]
        }
      ]
    },
    {
      "module": "module.security",
      "mode": "managed",
      "type": "azurerm_network_security_rule",
      "name": "hub_bas_get_session_outbound",
      "provider": "provider[\"registry.terraform.io/hashicorp/azurerm\"]",
      "instances": [
        {
          "schema_version": 0,
          "attributes": {
            "access": "Allow",
            "description": "",
            "destination_address_prefix": "Internet",
            "destination_address_prefixes": [],
            "destination_application_security_group_ids": [],
            "destination_port_range": "80",
            "destination_port_ranges": [],
            "direction": "Outbound",
            "id": "/subscriptions/99b79efe-ebd6-468c-b39f-5669acb259e1/resourceGroups/04-t1-www/providers/Microsoft.Network/networkSecurityGroups/hub-nsg-bastion/securityRules/AllowGetSessionInformation",
            "name": "AllowGetSessionInformation",
            "network_security_group_name": "hub-nsg-bastion",
            "priority": 130,
            "protocol": "*",
            "resource_group_name": "04-t1-www",
            "source_address_prefix": "*",
            "source_address_prefixes": [],
            "source_application_security_group_ids": [],
            "source_port_range": "*",
            "source_port_ranges": [],
            "timeouts": null
          },
          "sensitive_attributes": [],
          "identity_schema_version": 0,
          "identity": {
            "name": "AllowGetSessionInformation",
            "network_security_group_name": "hub-nsg-bastion",
            "resource_group_name": "04-t1-www",
            "subscription_id": "99b79efe-ebd6-468c-b39f-5669acb259e1"
          },
          "private": "eyJlMmJmYjczMC1lY2FhLTExZTYtOGY4OC0zNDM2M2JjN2M0YzAiOnsiY3JlYXRlIjoxODAwMDAwMDAwMDAwLCJkZWxldGUiOjE4MDAwMDAwMDAwMDAsInJlYWQiOjMwMDAwMDAwMDAwMCwidXBkYXRlIjoxODAwMDAwMDAwMDAwfX0=",
          "dependencies": [
            "azurerm_resource_group.rg",
            "module.security.azurerm_network_security_group.nsg_hub_bastion"
          ]
        }
      ]
    },
    {
      "module": "module.security",
      "mode": "managed",
      "type": "azurerm_network_security_rule",
      "name": "hub_bas_host_communication",
      "provider": "provider[\"registry.terraform.io/hashicorp/azurerm\"]",
      "instances": [
        {
          "schema_version": 0,
          "attributes": {
            "access": "Allow",
            "description": "",
            "destination_address_prefix": "VirtualNetwork",
            "destination_address_prefixes": [],
            "destination_application_security_group_ids": [],
            "destination_port_range": "",
            "destination_port_ranges": [
              "5701",
              "8080"
            ],
            "direction": "Inbound",
            "id": "/subscriptions/99b79efe-ebd6-468c-b39f-5669acb259e1/resourceGroups/04-t1-www/providers/Microsoft.Network/networkSecurityGroups/hub-nsg-bastion/securityRules/AllowBastionHostCommunication",
            "name": "AllowBastionHostCommunication",
            "network_security_group_name": "hub-nsg-bastion",
            "priority": 150,
            "protocol": "*",
            "resource_group_name": "04-t1-www",
            "source_address_prefix": "VirtualNetwork",
            "source_address_prefixes": [],
            "source_application_security_group_ids": [],
            "source_port_range": "*",
            "source_port_ranges": [],
            "timeouts": null
          },
          "sensitive_attributes": [],
          "identity_schema_version": 0,
          "identity": {
            "name": "AllowBastionHostCommunication",
            "network_security_group_name": "hub-nsg-bastion",
            "resource_group_name": "04-t1-www",
            "subscription_id": "99b79efe-ebd6-468c-b39f-5669acb259e1"
          },
          "private": "eyJlMmJmYjczMC1lY2FhLTExZTYtOGY4OC0zNDM2M2JjN2M0YzAiOnsiY3JlYXRlIjoxODAwMDAwMDAwMDAwLCJkZWxldGUiOjE4MDAwMDAwMDAwMDAsInJlYWQiOjMwMDAwMDAwMDAwMCwidXBkYXRlIjoxODAwMDAwMDAwMDAwfX0=",
          "dependencies": [
            "azurerm_resource_group.rg",
            "module.security.azurerm_network_security_group.nsg_hub_bastion"
          ]
        }
      ]
    },
    {
      "module": "module.security",
      "mode": "managed",
      "type": "azurerm_network_security_rule",
      "name": "hub_bas_https_inbound",
      "provider": "provider[\"registry.terraform.io/hashicorp/azurerm\"]",
      "instances": [
        {
          "schema_version": 0,
          "attributes": {
            "access": "Allow",
            "description": "",
            "destination_address_prefix": "*",
            "destination_address_prefixes": [],
            "destination_application_security_group_ids": [],
            "destination_port_range": "443",
            "destination_port_ranges": [],
            "direction": "Inbound",
            "id": "/subscriptions/99b79efe-ebd6-468c-b39f-5669acb259e1/resourceGroups/04-t1-www/providers/Microsoft.Network/networkSecurityGroups/hub-nsg-bastion/securityRules/AllowHttpsInbound",
            "name": "AllowHttpsInbound",
            "network_security_group_name": "hub-nsg-bastion",
            "priority": 120,
            "protocol": "Tcp",
            "resource_group_name": "04-t1-www",
            "source_address_prefix": "Internet",
            "source_address_prefixes": [],
            "source_application_security_group_ids": [],
            "source_port_range": "*",
            "source_port_ranges": [],
            "timeouts": null
          },
          "sensitive_attributes": [],
          "identity_schema_version": 0,
          "identity": {
            "name": "AllowHttpsInbound",
            "network_security_group_name": "hub-nsg-bastion",
            "resource_group_name": "04-t1-www",
            "subscription_id": "99b79efe-ebd6-468c-b39f-5669acb259e1"
          },
          "private": "eyJlMmJmYjczMC1lY2FhLTExZTYtOGY4OC0zNDM2M2JjN2M0YzAiOnsiY3JlYXRlIjoxODAwMDAwMDAwMDAwLCJkZWxldGUiOjE4MDAwMDAwMDAwMDAsInJlYWQiOjMwMDAwMDAwMDAwMCwidXBkYXRlIjoxODAwMDAwMDAwMDAwfX0=",
          "dependencies": [
            "azurerm_resource_group.rg",
            "module.security.azurerm_network_security_group.nsg_hub_bastion"
          ]
        }
      ]
    },
    {
      "module": "module.security",
      "mode": "managed",
      "type": "azurerm_network_security_rule",
      "name": "hub_bas_load_balancer",
      "provider": "provider[\"registry.terraform.io/hashicorp/azurerm\"]",
      "instances": [
        {
          "schema_version": 0,
          "attributes": {
            "access": "Allow",
            "description": "",
            "destination_address_prefix": "*",
            "destination_address_prefixes": [],
            "destination_application_security_group_ids": [],
            "destination_port_range": "443",
            "destination_port_ranges": [],
            "direction": "Inbound",
            "id": "/subscriptions/99b79efe-ebd6-468c-b39f-5669acb259e1/resourceGroups/04-t1-www/providers/Microsoft.Network/networkSecurityGroups/hub-nsg-bastion/securityRules/AllowAzureLoadBalancerInbound",
            "name": "AllowAzureLoadBalancerInbound",
            "network_security_group_name": "hub-nsg-bastion",
            "priority": 140,
            "protocol": "Tcp",
            "resource_group_name": "04-t1-www",
            "source_address_prefix": "AzureLoadBalancer",
            "source_address_prefixes": [],
            "source_application_security_group_ids": [],
            "source_port_range": "*",
            "source_port_ranges": [],
            "timeouts": null
          },
          "sensitive_attributes": [],
          "identity_schema_version": 0,
          "identity": {
            "name": "AllowAzureLoadBalancerInbound",
            "network_security_group_name": "hub-nsg-bastion",
            "resource_group_name": "04-t1-www",
            "subscription_id": "99b79efe-ebd6-468c-b39f-5669acb259e1"
          },
          "private": "eyJlMmJmYjczMC1lY2FhLTExZTYtOGY4OC0zNDM2M2JjN2M0YzAiOnsiY3JlYXRlIjoxODAwMDAwMDAwMDAwLCJkZWxldGUiOjE4MDAwMDAwMDAwMDAsInJlYWQiOjMwMDAwMDAwMDAwMCwidXBkYXRlIjoxODAwMDAwMDAwMDAwfX0=",
          "dependencies": [
            "azurerm_resource_group.rg",
            "module.security.azurerm_network_security_group.nsg_hub_bastion"
          ]
        }
      ]
    },
    {
      "module": "module.security",
      "mode": "managed",
      "type": "azurerm_network_security_rule",
      "name": "hub_bas_ssh_rdp_outbound",
      "provider": "provider[\"registry.terraform.io/hashicorp/azurerm\"]",
      "instances": [
        {
          "schema_version": 0,
          "attributes": {
            "access": "Allow",
            "description": "",
            "destination_address_prefix": "VirtualNetwork",
            "destination_address_prefixes": [],
            "destination_application_security_group_ids": [],
            "destination_port_range": "",
            "destination_port_ranges": [
              "22",
              "3389"
            ],
            "direction": "Outbound",
            "id": "/subscriptions/99b79efe-ebd6-468c-b39f-5669acb259e1/resourceGroups/04-t1-www/providers/Microsoft.Network/networkSecurityGroups/hub-nsg-bastion/securityRules/AllowSshRdpOutbound",
            "name": "AllowSshRdpOutbound",
            "network_security_group_name": "hub-nsg-bastion",
            "priority": 100,
            "protocol": "*",
            "resource_group_name": "04-t1-www",
            "source_address_prefix": "*",
            "source_address_prefixes": [],
            "source_application_security_group_ids": [],
            "source_port_range": "*",
            "source_port_ranges": [],
            "timeouts": null
          },
          "sensitive_attributes": [],
          "identity_schema_version": 0,
          "identity": {
            "name": "AllowSshRdpOutbound",
            "network_security_group_name": "hub-nsg-bastion",
            "resource_group_name": "04-t1-www",
            "subscription_id": "99b79efe-ebd6-468c-b39f-5669acb259e1"
          },
          "private": "eyJlMmJmYjczMC1lY2FhLTExZTYtOGY4OC0zNDM2M2JjN2M0YzAiOnsiY3JlYXRlIjoxODAwMDAwMDAwMDAwLCJkZWxldGUiOjE4MDAwMDAwMDAwMDAsInJlYWQiOjMwMDAwMDAwMDAwMCwidXBkYXRlIjoxODAwMDAwMDAwMDAwfX0=",
          "dependencies": [
            "azurerm_resource_group.rg",
            "module.security.azurerm_network_security_group.nsg_hub_bastion"
          ]
        }
      ]
    },
    {
      "module": "module.security",
      "mode": "managed",
      "type": "azurerm_network_security_rule",
      "name": "redis_access",
      "provider": "provider[\"registry.terraform.io/hashicorp/azurerm\"]",
      "instances": [
        {
          "schema_version": 0,
          "attributes": {
            "access": "Allow",
            "description": "",
            "destination_address_prefix": "*",
            "destination_address_prefixes": [],
            "destination_application_security_group_ids": [],
            "destination_port_range": "6380",
            "destination_port_ranges": [],
            "direction": "Inbound",
            "id": "/subscriptions/99b79efe-ebd6-468c-b39f-5669acb259e1/resourceGroups/04-t1-www/providers/Microsoft.Network/networkSecurityGroups/www-nsg-db/securityRules/allow-redis-internal",
            "name": "allow-redis-internal",
            "network_security_group_name": "www-nsg-db",
            "priority": 110,
            "protocol": "Tcp",
            "resource_group_name": "04-t1-www",
            "source_address_prefix": "",
            "source_address_prefixes": [
              "192.168.5.0/24"
            ],
            "source_application_security_group_ids": [],
            "source_port_range": "*",
            "source_port_ranges": [],
            "timeouts": null
          },
          "sensitive_attributes": [],
          "identity_schema_version": 0,
          "identity": {
            "name": "allow-redis-internal",
            "network_security_group_name": "www-nsg-db",
            "resource_group_name": "04-t1-www",
            "subscription_id": "99b79efe-ebd6-468c-b39f-5669acb259e1"
          },
          "private": "eyJlMmJmYjczMC1lY2FhLTExZTYtOGY4OC0zNDM2M2JjN2M0YzAiOnsiY3JlYXRlIjoxODAwMDAwMDAwMDAwLCJkZWxldGUiOjE4MDAwMDAwMDAwMDAsInJlYWQiOjMwMDAwMDAwMDAwMCwidXBkYXRlIjoxODAwMDAwMDAwMDAwfX0=",
          "dependencies": [
            "azurerm_resource_group.rg",
            "module.security.azurerm_network_security_group.nsg_db"
          ]
        }
      ]
    },
    {
      "module": "module.security",
      "mode": "managed",
      "type": "azurerm_network_security_rule",
      "name": "ssh_deny_all",
      "provider": "provider[\"registry.terraform.io/hashicorp/azurerm\"]",
      "instances": [
        {
          "schema_version": 0,
          "attributes": {
            "access": "Deny",
            "description": "",
            "destination_address_prefix": "*",
            "destination_address_prefixes": [],
            "destination_application_security_group_ids": [],
            "destination_port_range": "*",
            "destination_port_ranges": [],
            "direction": "Inbound",
            "id": "/subscriptions/99b79efe-ebd6-468c-b39f-5669acb259e1/resourceGroups/04-t1-www/providers/Microsoft.Network/networkSecurityGroups/www-nsg-ssh/securityRules/deny-all-inbound",
            "name": "deny-all-inbound",
            "network_security_group_name": "www-nsg-ssh",
            "priority": 4096,
            "protocol": "*",
            "resource_group_name": "04-t1-www",
            "source_address_prefix": "*",
            "source_address_prefixes": [],
            "source_application_security_group_ids": [],
            "source_port_range": "*",
            "source_port_ranges": [],
            "timeouts": null
          },
          "sensitive_attributes": [],
          "identity_schema_version": 0,
          "identity": {
            "name": "deny-all-inbound",
            "network_security_group_name": "www-nsg-ssh",
            "resource_group_name": "04-t1-www",
            "subscription_id": "99b79efe-ebd6-468c-b39f-5669acb259e1"
          },
          "private": "eyJlMmJmYjczMC1lY2FhLTExZTYtOGY4OC0zNDM2M2JjN2M0YzAiOnsiY3JlYXRlIjoxODAwMDAwMDAwMDAwLCJkZWxldGUiOjE4MDAwMDAwMDAwMDAsInJlYWQiOjMwMDAwMDAwMDAwMCwidXBkYXRlIjoxODAwMDAwMDAwMDAwfX0=",
          "dependencies": [
            "azurerm_resource_group.rg",
            "module.security.azurerm_network_security_group.nsg_ssh"
          ]
        }
      ]
    },
    {
      "module": "module.security",
      "mode": "managed",
      "type": "azurerm_network_security_rule",
      "name": "ssh_internal",
      "provider": "provider[\"registry.terraform.io/hashicorp/azurerm\"]",
      "instances": [
        {
          "schema_version": 0,
          "attributes": {
            "access": "Allow",
            "description": "",
            "destination_address_prefix": "*",
            "destination_address_prefixes": [],
            "destination_application_security_group_ids": [],
            "destination_port_range": "22",
            "destination_port_ranges": [],
            "direction": "Inbound",
            "id": "/subscriptions/99b79efe-ebd6-468c-b39f-5669acb259e1/resourceGroups/04-t1-www/providers/Microsoft.Network/networkSecurityGroups/www-nsg-ssh/securityRules/allow-ssh-internal",
            "name": "allow-ssh-internal",
            "network_security_group_name": "www-nsg-ssh",
            "priority": 100,
            "protocol": "Tcp",
            "resource_group_name": "04-t1-www",
            "source_address_prefix": "10.0.1.0/24",
            "source_address_prefixes": [],
            "source_application_security_group_ids": [],
            "source_port_range": "*",
            "source_port_ranges": [],
            "timeouts": null
          },
          "sensitive_attributes": [],
          "identity_schema_version": 0,
          "identity": {
            "name": "allow-ssh-internal",
            "network_security_group_name": "www-nsg-ssh",
            "resource_group_name": "04-t1-www",
            "subscription_id": "99b79efe-ebd6-468c-b39f-5669acb259e1"
          },
          "private": "eyJlMmJmYjczMC1lY2FhLTExZTYtOGY4OC0zNDM2M2JjN2M0YzAiOnsiY3JlYXRlIjoxODAwMDAwMDAwMDAwLCJkZWxldGUiOjE4MDAwMDAwMDAwMDAsInJlYWQiOjMwMDAwMDAwMDAwMCwidXBkYXRlIjoxODAwMDAwMDAwMDAwfX0=",
          "dependencies": [
            "azurerm_resource_group.rg",
            "module.security.azurerm_network_security_group.nsg_ssh"
          ]
        }
      ]
    },
    {
      "module": "module.security",
      "mode": "managed",
      "type": "azurerm_network_security_rule",
      "name": "was_allow_lb",
      "provider": "provider[\"registry.terraform.io/hashicorp/azurerm\"]",
      "instances": [
        {
          "schema_version": 0,
          "attributes": {
            "access": "Allow",
            "description": "",
            "destination_address_prefix": "*",
            "destination_address_prefixes": [],
            "destination_application_security_group_ids": [],
            "destination_port_range": "*",
            "destination_port_ranges": [],
            "direction": "Inbound",
            "id": "/subscriptions/99b79efe-ebd6-468c-b39f-5669acb259e1/resourceGroups/04-t1-www/providers/Microsoft.Network/networkSecurityGroups/www-nsg-http/securityRules/allow-azure-load-balancer-was",
            "name": "allow-azure-load-balancer-was",
            "network_security_group_name": "www-nsg-http",
            "priority": 125,
            "protocol": "*",
            "resource_group_name": "04-t1-www",
            "source_address_prefix": "AzureLoadBalancer",
            "source_address_prefixes": [],
            "source_application_security_group_ids": [],
            "source_port_range": "*",
            "source_port_ranges": [],
            "timeouts": null
          },
          "sensitive_attributes": [],
          "identity_schema_version": 0,
          "identity": {
            "name": "allow-azure-load-balancer-was",
            "network_security_group_name": "www-nsg-http",
            "resource_group_name": "04-t1-www",
            "subscription_id": "99b79efe-ebd6-468c-b39f-5669acb259e1"
          },
          "private": "eyJlMmJmYjczMC1lY2FhLTExZTYtOGY4OC0zNDM2M2JjN2M0YzAiOnsiY3JlYXRlIjoxODAwMDAwMDAwMDAwLCJkZWxldGUiOjE4MDAwMDAwMDAwMDAsInJlYWQiOjMwMDAwMDAwMDAwMCwidXBkYXRlIjoxODAwMDAwMDAwMDAwfX0=",
          "dependencies": [
            "azurerm_resource_group.rg",
            "module.security.azurerm_network_security_group.nsg_http"
          ]
        }
      ]
    },
    {
      "module": "module.security",
      "mode": "managed",
      "type": "azurerm_network_security_rule",
      "name": "was_http_inbound",
      "provider": "provider[\"registry.terraform.io/hashicorp/azurerm\"]",
      "instances": [
        {
          "schema_version": 0,
          "attributes": {
            "access": "Allow",
            "description": "",
            "destination_address_prefix": "*",
            "destination_address_prefixes": [],
            "destination_application_security_group_ids": [],
            "destination_port_range": "80",
            "destination_port_ranges": [],
            "direction": "Inbound",
            "id": "/subscriptions/99b79efe-ebd6-468c-b39f-5669acb259e1/resourceGroups/04-t1-www/providers/Microsoft.Network/networkSecurityGroups/www-nsg-http/securityRules/allow-http-from-web-was",
            "name": "allow-http-from-web-was",
            "network_security_group_name": "www-nsg-http",
            "priority": 126,
            "protocol": "Tcp",
            "resource_group_name": "04-t1-www",
            "source_address_prefix": "VirtualNetwork",
            "source_address_prefixes": [],
            "source_application_security_group_ids": [],
            "source_port_range": "*",
            "source_port_ranges": [],
            "timeouts": null
          },
          "sensitive_attributes": [],
          "identity_schema_version": 0,
          "identity": {
            "name": "allow-http-from-web-was",
            "network_security_group_name": "www-nsg-http",
            "resource_group_name": "04-t1-www",
            "subscription_id": "99b79efe-ebd6-468c-b39f-5669acb259e1"
          },
          "private": "eyJlMmJmYjczMC1lY2FhLTExZTYtOGY4OC0zNDM2M2JjN2M0YzAiOnsiY3JlYXRlIjoxODAwMDAwMDAwMDAwLCJkZWxldGUiOjE4MDAwMDAwMDAwMDAsInJlYWQiOjMwMDAwMDAwMDAwMCwidXBkYXRlIjoxODAwMDAwMDAwMDAwfX0=",
          "dependencies": [
            "azurerm_resource_group.rg",
            "module.security.azurerm_network_security_group.nsg_http"
          ]
        }
      ]
    },
    {
      "module": "module.security",
      "mode": "managed",
      "type": "azurerm_network_security_rule",
      "name": "web_allow_lb",
      "provider": "provider[\"registry.terraform.io/hashicorp/azurerm\"]",
      "instances": [
        {
          "schema_version": 0,
          "attributes": {
            "access": "Allow",
            "description": "",
            "destination_address_prefix": "*",
            "destination_address_prefixes": [],
            "destination_application_security_group_ids": [],
            "destination_port_range": "*",
            "destination_port_ranges": [],
            "direction": "Inbound",
            "id": "/subscriptions/99b79efe-ebd6-468c-b39f-5669acb259e1/resourceGroups/04-t1-www/providers/Microsoft.Network/networkSecurityGroups/www-nsg-http/securityRules/allow-azure-load-balancer",
            "name": "allow-azure-load-balancer",
            "network_security_group_name": "www-nsg-http",
            "priority": 120,
            "protocol": "*",
            "resource_group_name": "04-t1-www",
            "source_address_prefix": "AzureLoadBalancer",
            "source_address_prefixes": [],
            "source_application_security_group_ids": [],
            "source_port_range": "*",
            "source_port_ranges": [],
            "timeouts": null
          },
          "sensitive_attributes": [],
          "identity_schema_version": 0,
          "identity": {
            "name": "allow-azure-load-balancer",
            "network_security_group_name": "www-nsg-http",
            "resource_group_name": "04-t1-www",
            "subscription_id": "99b79efe-ebd6-468c-b39f-5669acb259e1"
          },
          "private": "eyJlMmJmYjczMC1lY2FhLTExZTYtOGY4OC0zNDM2M2JjN2M0YzAiOnsiY3JlYXRlIjoxODAwMDAwMDAwMDAwLCJkZWxldGUiOjE4MDAwMDAwMDAwMDAsInJlYWQiOjMwMDAwMDAwMDAwMCwidXBkYXRlIjoxODAwMDAwMDAwMDAwfX0=",
          "dependencies": [
            "azurerm_resource_group.rg",
            "module.security.azurerm_network_security_group.nsg_http"
          ]
        }
      ]
    },
    {
      "module": "module.security",
      "mode": "managed",
      "type": "azurerm_network_security_rule",
      "name": "web_allow_vnet",
      "provider": "provider[\"registry.terraform.io/hashicorp/azurerm\"]",
      "instances": [
        {
          "schema_version": 0,
          "attributes": {
            "access": "Allow",
            "description": "",
            "destination_address_prefix": "VirtualNetwork",
            "destination_address_prefixes": [],
            "destination_application_security_group_ids": [],
            "destination_port_range": "*",
            "destination_port_ranges": [],
            "direction": "Inbound",
            "id": "/subscriptions/99b79efe-ebd6-468c-b39f-5669acb259e1/resourceGroups/04-t1-www/providers/Microsoft.Network/networkSecurityGroups/www-nsg-http/securityRules/allow-vnet-internal",
            "name": "allow-vnet-internal",
            "network_security_group_name": "www-nsg-http",
            "priority": 115,
            "protocol": "*",
            "resource_group_name": "04-t1-www",
            "source_address_prefix": "VirtualNetwork",
            "source_address_prefixes": [],
            "source_application_security_group_ids": [],
            "source_port_range": "*",
            "source_port_ranges": [],
            "timeouts": null
          },
          "sensitive_attributes": [],
          "identity_schema_version": 0,
          "identity": {
            "name": "allow-vnet-internal",
            "network_security_group_name": "www-nsg-http",
            "resource_group_name": "04-t1-www",
            "subscription_id": "99b79efe-ebd6-468c-b39f-5669acb259e1"
          },
          "private": "eyJlMmJmYjczMC1lY2FhLTExZTYtOGY4OC0zNDM2M2JjN2M0YzAiOnsiY3JlYXRlIjoxODAwMDAwMDAwMDAwLCJkZWxldGUiOjE4MDAwMDAwMDAwMDAsInJlYWQiOjMwMDAwMDAwMDAwMCwidXBkYXRlIjoxODAwMDAwMDAwMDAwfX0=",
          "dependencies": [
            "azurerm_resource_group.rg",
            "module.security.azurerm_network_security_group.nsg_http"
          ]
        }
      ]
    },
    {
      "module": "module.security",
      "mode": "managed",
      "type": "azurerm_network_security_rule",
      "name": "web_deny_all",
      "provider": "provider[\"registry.terraform.io/hashicorp/azurerm\"]",
      "instances": [
        {
          "schema_version": 0,
          "attributes": {
            "access": "Deny",
            "description": "",
            "destination_address_prefix": "*",
            "destination_address_prefixes": [],
            "destination_application_security_group_ids": [],
            "destination_port_range": "*",
            "destination_port_ranges": [],
            "direction": "Inbound",
            "id": "/subscriptions/99b79efe-ebd6-468c-b39f-5669acb259e1/resourceGroups/04-t1-www/providers/Microsoft.Network/networkSecurityGroups/www-nsg-http/securityRules/deny-all-inbound",
            "name": "deny-all-inbound",
            "network_security_group_name": "www-nsg-http",
            "priority": 4096,
            "protocol": "*",
            "resource_group_name": "04-t1-www",
            "source_address_prefix": "*",
            "source_address_prefixes": [],
            "source_application_security_group_ids": [],
            "source_port_range": "*",
            "source_port_ranges": [],
            "timeouts": null
          },
          "sensitive_attributes": [],
          "identity_schema_version": 0,
          "identity": {
            "name": "deny-all-inbound",
            "network_security_group_name": "www-nsg-http",
            "resource_group_name": "04-t1-www",
            "subscription_id": "99b79efe-ebd6-468c-b39f-5669acb259e1"
          },
          "private": "eyJlMmJmYjczMC1lY2FhLTExZTYtOGY4OC0zNDM2M2JjN2M0YzAiOnsiY3JlYXRlIjoxODAwMDAwMDAwMDAwLCJkZWxldGUiOjE4MDAwMDAwMDAwMDAsInJlYWQiOjMwMDAwMDAwMDAwMCwidXBkYXRlIjoxODAwMDAwMDAwMDAwfX0=",
          "dependencies": [
            "azurerm_resource_group.rg",
            "module.security.azurerm_network_security_group.nsg_http"
          ]
        }
      ]
    },
    {
      "module": "module.security",
      "mode": "managed",
      "type": "azurerm_network_security_rule",
      "name": "web_deny_bastion_outbound",
      "provider": "provider[\"registry.terraform.io/hashicorp/azurerm\"]",
      "instances": [
        {
          "schema_version": 0,
          "attributes": {
            "access": "Deny",
            "description": "",
            "destination_address_prefix": "10.1.1.0/24",
            "destination_address_prefixes": [],
            "destination_application_security_group_ids": [],
            "destination_port_range": "*",
            "destination_port_ranges": [],
            "direction": "Outbound",
            "id": "/subscriptions/99b79efe-ebd6-468c-b39f-5669acb259e1/resourceGroups/04-t1-www/providers/Microsoft.Network/networkSecurityGroups/www-nsg-http/securityRules/deny-bastion-outbound",
            "name": "deny-bastion-outbound",
            "network_security_group_name": "www-nsg-http",
            "priority": 105,
            "protocol": "*",
            "resource_group_name": "04-t1-www",
            "source_address_prefix": "*",
            "source_address_prefixes": [],
            "source_application_security_group_ids": [],
            "source_port_range": "*",
            "source_port_ranges": [],
            "timeouts": null
          },
          "sensitive_attributes": [],
          "identity_schema_version": 0,
          "identity": {
            "name": "deny-bastion-outbound",
            "network_security_group_name": "www-nsg-http",
            "resource_group_name": "04-t1-www",
            "subscription_id": "99b79efe-ebd6-468c-b39f-5669acb259e1"
          },
          "private": "eyJlMmJmYjczMC1lY2FhLTExZTYtOGY4OC0zNDM2M2JjN2M0YzAiOnsiY3JlYXRlIjoxODAwMDAwMDAwMDAwLCJkZWxldGUiOjE4MDAwMDAwMDAwMDAsInJlYWQiOjMwMDAwMDAwMDAwMCwidXBkYXRlIjoxODAwMDAwMDAwMDAwfX0=",
          "dependencies": [
            "azurerm_resource_group.rg",
            "module.hub.azurerm_subnet.bastion_subnet",
            "module.hub.azurerm_virtual_network.hub_vnet",
            "module.security.azurerm_network_security_group.nsg_http"
          ]
        }
      ]
    },
    {
      "module": "module.security",
      "mode": "managed",
      "type": "azurerm_network_security_rule",
      "name": "web_dns_outbound",
      "provider": "provider[\"registry.terraform.io/hashicorp/azurerm\"]",
      "instances": [
        {
          "schema_version": 0,
          "attributes": {
            "access": "Allow",
            "description": "",
            "destination_address_prefix": "Internet",
            "destination_address_prefixes": [],
            "destination_application_security_group_ids": [],
            "destination_port_range": "53",
            "destination_port_ranges": [],
            "direction": "Outbound",
            "id": "/subscriptions/99b79efe-ebd6-468c-b39f-5669acb259e1/resourceGroups/04-t1-www/providers/Microsoft.Network/networkSecurityGroups/www-nsg-http/securityRules/allow-dns-outbound",
            "name": "allow-dns-outbound",
            "network_security_group_name": "www-nsg-http",
            "priority": 110,
            "protocol": "Udp",
            "resource_group_name": "04-t1-www",
            "source_address_prefix": "*",
            "source_address_prefixes": [],
            "source_application_security_group_ids": [],
            "source_port_range": "*",
            "source_port_ranges": [],
            "timeouts": null
          },
          "sensitive_attributes": [],
          "identity_schema_version": 0,
          "identity": {
            "name": "allow-dns-outbound",
            "network_security_group_name": "www-nsg-http",
            "resource_group_name": "04-t1-www",
            "subscription_id": "99b79efe-ebd6-468c-b39f-5669acb259e1"
          },
          "private": "eyJlMmJmYjczMC1lY2FhLTExZTYtOGY4OC0zNDM2M2JjN2M0YzAiOnsiY3JlYXRlIjoxODAwMDAwMDAwMDAwLCJkZWxldGUiOjE4MDAwMDAwMDAwMDAsInJlYWQiOjMwMDAwMDAwMDAwMCwidXBkYXRlIjoxODAwMDAwMDAwMDAwfX0=",
          "dependencies": [
            "azurerm_resource_group.rg",
            "module.security.azurerm_network_security_group.nsg_http"
          ]
        }
      ]
    },
    {
      "module": "module.security",
      "mode": "managed",
      "type": "azurerm_network_security_rule",
      "name": "web_http_https",
      "provider": "provider[\"registry.terraform.io/hashicorp/azurerm\"]",
      "instances": [
        {
          "schema_version": 0,
          "attributes": {
            "access": "Allow",
            "description": "",
            "destination_address_prefix": "*",
            "destination_address_prefixes": [],
            "destination_application_security_group_ids": [],
            "destination_port_range": "",
            "destination_port_ranges": [
              "443",
              "80"
            ],
            "direction": "Inbound",
            "id": "/subscriptions/99b79efe-ebd6-468c-b39f-5669acb259e1/resourceGroups/04-t1-www/providers/Microsoft.Network/networkSecurityGroups/www-nsg-http/securityRules/allow-http-https",
            "name": "allow-http-https",
            "network_security_group_name": "www-nsg-http",
            "priority": 101,
            "protocol": "Tcp",
            "resource_group_name": "04-t1-www",
            "source_address_prefix": "*",
            "source_address_prefixes": [],
            "source_application_security_group_ids": [],
            "source_port_range": "*",
            "source_port_ranges": [],
            "timeouts": null
          },
          "sensitive_attributes": [],
          "identity_schema_version": 0,
          "identity": {
            "name": "allow-http-https",
            "network_security_group_name": "www-nsg-http",
            "resource_group_name": "04-t1-www",
            "subscription_id": "99b79efe-ebd6-468c-b39f-5669acb259e1"
          },
          "private": "eyJlMmJmYjczMC1lY2FhLTExZTYtOGY4OC0zNDM2M2JjN2M0YzAiOnsiY3JlYXRlIjoxODAwMDAwMDAwMDAwLCJkZWxldGUiOjE4MDAwMDAwMDAwMDAsInJlYWQiOjMwMDAwMDAwMDAwMCwidXBkYXRlIjoxODAwMDAwMDAwMDAwfX0=",
          "dependencies": [
            "azurerm_resource_group.rg",
            "module.security.azurerm_network_security_group.nsg_http"
          ]
        }
      ]
    },
    {
      "module": "module.security",
      "mode": "managed",
      "type": "azurerm_network_security_rule",
      "name": "web_imap_inbound",
      "provider": "provider[\"registry.terraform.io/hashicorp/azurerm\"]",
      "instances": [
        {
          "schema_version": 0,
          "attributes": {
            "access": "Allow",
            "description": "",
            "destination_address_prefix": "192.168.5.0/24",
            "destination_address_prefixes": [],
            "destination_application_security_group_ids": [],
            "destination_port_range": "993",
            "destination_port_ranges": [],
            "direction": "Inbound",
            "id": "/subscriptions/99b79efe-ebd6-468c-b39f-5669acb259e1/resourceGroups/04-t1-www/providers/Microsoft.Network/networkSecurityGroups/www-nsg-http/securityRules/allow-imap-inbound",
            "name": "allow-imap-inbound",
            "network_security_group_name": "www-nsg-http",
            "priority": 140,
            "protocol": "Tcp",
            "resource_group_name": "04-t1-www",
            "source_address_prefix": "*",
            "source_address_prefixes": [],
            "source_application_security_group_ids": [],
            "source_port_range": "*",
            "source_port_ranges": [],
            "timeouts": null
          },
          "sensitive_attributes": [],
          "identity_schema_version": 0,
          "identity": {
            "name": "allow-imap-inbound",
            "network_security_group_name": "www-nsg-http",
            "resource_group_name": "04-t1-www",
            "subscription_id": "99b79efe-ebd6-468c-b39f-5669acb259e1"
          },
          "private": "eyJlMmJmYjczMC1lY2FhLTExZTYtOGY4OC0zNDM2M2JjN2M0YzAiOnsiY3JlYXRlIjoxODAwMDAwMDAwMDAwLCJkZWxldGUiOjE4MDAwMDAwMDAwMDAsInJlYWQiOjMwMDAwMDAwMDAwMCwidXBkYXRlIjoxODAwMDAwMDAwMDAwfX0=",
          "dependencies": [
            "azurerm_resource_group.rg",
            "module.network_central.azurerm_subnet.subnets",
            "module.network_central.azurerm_virtual_network.vnet",
            "module.security.azurerm_network_security_group.nsg_http"
          ]
        }
      ]
    },
    {
      "module": "module.security",
      "mode": "managed",
      "type": "azurerm_network_security_rule",
      "name": "web_outbound",
      "provider": "provider[\"registry.terraform.io/hashicorp/azurerm\"]",
      "instances": [
        {
          "schema_version": 0,
          "attributes": {
            "access": "Allow",
            "description": "",
            "destination_address_prefix": "Internet",
            "destination_address_prefixes": [],
            "destination_application_security_group_ids": [],
            "destination_port_range": "",
            "destination_port_ranges": [
              "443",
              "80"
            ],
            "direction": "Outbound",
            "id": "/subscriptions/99b79efe-ebd6-468c-b39f-5669acb259e1/resourceGroups/04-t1-www/providers/Microsoft.Network/networkSecurityGroups/www-nsg-http/securityRules/allow-web-outbound",
            "name": "allow-web-outbound",
            "network_security_group_name": "www-nsg-http",
            "priority": 100,
            "protocol": "Tcp",
            "resource_group_name": "04-t1-www",
            "source_address_prefix": "*",
            "source_address_prefixes": [],
            "source_application_security_group_ids": [],
            "source_port_range": "*",
            "source_port_ranges": [],
            "timeouts": null
          },
          "sensitive_attributes": [],
          "identity_schema_version": 0,
          "identity": {
            "name": "allow-web-outbound",
            "network_security_group_name": "www-nsg-http",
            "resource_group_name": "04-t1-www",
            "subscription_id": "99b79efe-ebd6-468c-b39f-5669acb259e1"
          },
          "private": "eyJlMmJmYjczMC1lY2FhLTExZTYtOGY4OC0zNDM2M2JjN2M0YzAiOnsiY3JlYXRlIjoxODAwMDAwMDAwMDAwLCJkZWxldGUiOjE4MDAwMDAwMDAwMDAsInJlYWQiOjMwMDAwMDAwMDAwMCwidXBkYXRlIjoxODAwMDAwMDAwMDAwfX0=",
          "dependencies": [
            "azurerm_resource_group.rg",
            "module.security.azurerm_network_security_group.nsg_http"
          ]
        }
      ]
    },
    {
      "module": "module.security",
      "mode": "managed",
      "type": "azurerm_network_security_rule",
      "name": "web_smtp_inbound",
      "provider": "provider[\"registry.terraform.io/hashicorp/azurerm\"]",
      "instances": [
        {
          "schema_version": 0,
          "attributes": {
            "access": "Allow",
            "description": "",
            "destination_address_prefix": "192.168.5.0/24",
            "destination_address_prefixes": [],
            "destination_application_security_group_ids": [],
            "destination_port_range": "",
            "destination_port_ranges": [
              "25",
              "587"
            ],
            "direction": "Inbound",
            "id": "/subscriptions/99b79efe-ebd6-468c-b39f-5669acb259e1/resourceGroups/04-t1-www/providers/Microsoft.Network/networkSecurityGroups/www-nsg-http/securityRules/allow-smtp-inbound",
            "name": "allow-smtp-inbound",
            "network_security_group_name": "www-nsg-http",
            "priority": 130,
            "protocol": "Tcp",
            "resource_group_name": "04-t1-www",
            "source_address_prefix": "*",
            "source_address_prefixes": [],
            "source_application_security_group_ids": [],
            "source_port_range": "*",
            "source_port_ranges": [],
            "timeouts": null
          },
          "sensitive_attributes": [],
          "identity_schema_version": 0,
          "identity": {
            "name": "allow-smtp-inbound",
            "network_security_group_name": "www-nsg-http",
            "resource_group_name": "04-t1-www",
            "subscription_id": "99b79efe-ebd6-468c-b39f-5669acb259e1"
          },
          "private": "eyJlMmJmYjczMC1lY2FhLTExZTYtOGY4OC0zNDM2M2JjN2M0YzAiOnsiY3JlYXRlIjoxODAwMDAwMDAwMDAwLCJkZWxldGUiOjE4MDAwMDAwMDAwMDAsInJlYWQiOjMwMDAwMDAwMDAwMCwidXBkYXRlIjoxODAwMDAwMDAwMDAwfX0=",
          "dependencies": [
            "azurerm_resource_group.rg",
            "module.network_central.azurerm_subnet.subnets",
            "module.network_central.azurerm_virtual_network.vnet",
            "module.security.azurerm_network_security_group.nsg_http"
          ]
        }
      ]
    },
    {
      "module": "module.security",
      "mode": "managed",
      "type": "azurerm_network_security_rule",
      "name": "web_smtp_outbound",
      "provider": "provider[\"registry.terraform.io/hashicorp/azurerm\"]",
      "instances": [
        {
          "schema_version": 0,
          "attributes": {
            "access": "Allow",
            "description": "",
            "destination_address_prefix": "Internet",
            "destination_address_prefixes": [],
            "destination_application_security_group_ids": [],
            "destination_port_range": "",
            "destination_port_ranges": [
              "25",
              "587"
            ],
            "direction": "Outbound",
            "id": "/subscriptions/99b79efe-ebd6-468c-b39f-5669acb259e1/resourceGroups/04-t1-www/providers/Microsoft.Network/networkSecurityGroups/www-nsg-http/securityRules/allow-smtp-outbound",
            "name": "allow-smtp-outbound",
            "network_security_group_name": "www-nsg-http",
            "priority": 120,
            "protocol": "Tcp",
            "resource_group_name": "04-t1-www",
            "source_address_prefix": "*",
            "source_address_prefixes": [],
            "source_application_security_group_ids": [],
            "source_port_range": "*",
            "source_port_ranges": [],
            "timeouts": null
          },
          "sensitive_attributes": [],
          "identity_schema_version": 0,
          "identity": {
            "name": "allow-smtp-outbound",
            "network_security_group_name": "www-nsg-http",
            "resource_group_name": "04-t1-www",
            "subscription_id": "99b79efe-ebd6-468c-b39f-5669acb259e1"
          },
          "private": "eyJlMmJmYjczMC1lY2FhLTExZTYtOGY4OC0zNDM2M2JjN2M0YzAiOnsiY3JlYXRlIjoxODAwMDAwMDAwMDAwLCJkZWxldGUiOjE4MDAwMDAwMDAwMDAsInJlYWQiOjMwMDAwMDAwMDAwMCwidXBkYXRlIjoxODAwMDAwMDAwMDAwfX0=",
          "dependencies": [
            "azurerm_resource_group.rg",
            "module.security.azurerm_network_security_group.nsg_http"
          ]
        }
      ]
    },
    {
      "module": "module.security",
      "mode": "managed",
      "type": "azurerm_network_security_rule",
      "name": "web_ssh_internal",
      "provider": "provider[\"registry.terraform.io/hashicorp/azurerm\"]",
      "instances": [
        {
          "schema_version": 0,
          "attributes": {
            "access": "Allow",
            "description": "",
            "destination_address_prefix": "*",
            "destination_address_prefixes": [],
            "destination_application_security_group_ids": [],
            "destination_port_range": "22",
            "destination_port_ranges": [],
            "direction": "Inbound",
            "id": "/subscriptions/99b79efe-ebd6-468c-b39f-5669acb259e1/resourceGroups/04-t1-www/providers/Microsoft.Network/networkSecurityGroups/www-nsg-http/securityRules/allow-ssh-from-bastion",
            "name": "allow-ssh-from-bastion",
            "network_security_group_name": "www-nsg-http",
            "priority": 110,
            "protocol": "Tcp",
            "resource_group_name": "04-t1-www",
            "source_address_prefix": "",
            "source_address_prefixes": [
              "10.0.1.0/24",
              "10.1.1.0/24",
              "192.168.0.0/16"
            ],
            "source_application_security_group_ids": [],
            "source_port_range": "*",
            "source_port_ranges": [],
            "timeouts": null
          },
          "sensitive_attributes": [],
          "identity_schema_version": 0,
          "identity": {
            "name": "allow-ssh-from-bastion",
            "network_security_group_name": "www-nsg-http",
            "resource_group_name": "04-t1-www",
            "subscription_id": "99b79efe-ebd6-468c-b39f-5669acb259e1"
          },
          "private": "eyJlMmJmYjczMC1lY2FhLTExZTYtOGY4OC0zNDM2M2JjN2M0YzAiOnsiY3JlYXRlIjoxODAwMDAwMDAwMDAwLCJkZWxldGUiOjE4MDAwMDAwMDAwMDAsInJlYWQiOjMwMDAwMDAwMDAwMCwidXBkYXRlIjoxODAwMDAwMDAwMDAwfX0=",
          "dependencies": [
            "azurerm_resource_group.rg",
            "module.security.azurerm_network_security_group.nsg_http"
          ]
        }
      ]
    },
    {
      "module": "module.security",
      "mode": "managed",
      "type": "azurerm_network_security_rule",
      "name": "web_ssh_nat_pool",
      "provider": "provider[\"registry.terraform.io/hashicorp/azurerm\"]",
      "instances": [
        {
          "schema_version": 0,
          "attributes": {
            "access": "Allow",
            "description": "",
            "destination_address_prefix": "*",
            "destination_address_prefixes": [],
            "destination_application_security_group_ids": [],
            "destination_port_range": "22",
            "destination_port_ranges": [],
            "direction": "Inbound",
            "id": "/subscriptions/99b79efe-ebd6-468c-b39f-5669acb259e1/resourceGroups/04-t1-www/providers/Microsoft.Network/networkSecurityGroups/www-nsg-http/securityRules/allow-ssh-nat-pool",
            "name": "allow-ssh-nat-pool",
            "network_security_group_name": "www-nsg-http",
            "priority": 105,
            "protocol": "Tcp",
            "resource_group_name": "04-t1-www",
            "source_address_prefix": "",
            "source_address_prefixes": [
              "211.227.107.208",
              "211.252.127.132",
              "61.108.60.26"
            ],
            "source_application_security_group_ids": [],
            "source_port_range": "*",
            "source_port_ranges": [],
            "timeouts": null
          },
          "sensitive_attributes": [],
          "identity_schema_version": 0,
          "identity": {
            "name": "allow-ssh-nat-pool",
            "network_security_group_name": "www-nsg-http",
            "resource_group_name": "04-t1-www",
            "subscription_id": "99b79efe-ebd6-468c-b39f-5669acb259e1"
          },
          "private": "eyJlMmJmYjczMC1lY2FhLTExZTYtOGY4OC0zNDM2M2JjN2M0YzAiOnsiY3JlYXRlIjoxODAwMDAwMDAwMDAwLCJkZWxldGUiOjE4MDAwMDAwMDAwMDAsInJlYWQiOjMwMDAwMDAwMDAwMCwidXBkYXRlIjoxODAwMDAwMDAwMDAwfX0=",
          "dependencies": [
            "azurerm_resource_group.rg",
            "module.security.azurerm_network_security_group.nsg_http"
          ]
        }
      ]
    },
    {
      "module": "module.security",
      "mode": "managed",
      "type": "azurerm_network_security_rule",
      "name": "web_vnet_outbound",
      "provider": "provider[\"registry.terraform.io/hashicorp/azurerm\"]",
      "instances": [
        {
          "schema_version": 0,
          "attributes": {
            "access": "Allow",
            "description": "",
            "destination_address_prefix": "VirtualNetwork",
            "destination_address_prefixes": [],
            "destination_application_security_group_ids": [],
            "destination_port_range": "*",
            "destination_port_ranges": [],
            "direction": "Outbound",
            "id": "/subscriptions/99b79efe-ebd6-468c-b39f-5669acb259e1/resourceGroups/04-t1-www/providers/Microsoft.Network/networkSecurityGroups/www-nsg-http/securityRules/allow-vnet-outbound",
            "name": "allow-vnet-outbound",
            "network_security_group_name": "www-nsg-http",
            "priority": 125,
            "protocol": "*",
            "resource_group_name": "04-t1-www",
            "source_address_prefix": "VirtualNetwork",
            "source_address_prefixes": [],
            "source_application_security_group_ids": [],
            "source_port_range": "*",
            "source_port_ranges": [],
            "timeouts": null
          },
          "sensitive_attributes": [],
          "identity_schema_version": 0,
          "identity": {
            "name": "allow-vnet-outbound",
            "network_security_group_name": "www-nsg-http",
            "resource_group_name": "04-t1-www",
            "subscription_id": "99b79efe-ebd6-468c-b39f-5669acb259e1"
          },
          "private": "eyJlMmJmYjczMC1lY2FhLTExZTYtOGY4OC0zNDM2M2JjN2M0YzAiOnsiY3JlYXRlIjoxODAwMDAwMDAwMDAwLCJkZWxldGUiOjE4MDAwMDAwMDAwMDAsInJlYWQiOjMwMDAwMDAwMDAwMCwidXBkYXRlIjoxODAwMDAwMDAwMDAwfX0=",
          "dependencies": [
            "azurerm_resource_group.rg",
            "module.security.azurerm_network_security_group.nsg_http"
          ]
        }
      ]
    },
    {
      "module": "module.security",
      "mode": "managed",
      "type": "azurerm_role_assignment",
      "name": "appgw_kv_role",
      "provider": "provider[\"registry.terraform.io/hashicorp/azurerm\"]",
      "instances": [
        {
          "schema_version": 0,
          "attributes": {
            "condition": "",
            "condition_version": "",
            "delegated_managed_identity_resource_id": "",
            "description": "",
            "id": "/subscriptions/99b79efe-ebd6-468c-b39f-5669acb259e1/resourceGroups/04-t1-www/providers/Microsoft.KeyVault/vaults/www-kv-95710734/providers/Microsoft.Authorization/roleAssignments/21e63fc2-67be-8d91-3234-0dca847cc926",
            "name": "21e63fc2-67be-8d91-3234-0dca847cc926",
            "principal_id": "08099317-30fc-4838-a105-f6b65f80dfe1",
            "principal_type": "ServicePrincipal",
            "role_definition_id": "/subscriptions/99b79efe-ebd6-468c-b39f-5669acb259e1/providers/Microsoft.Authorization/roleDefinitions/4633458b-17de-408a-b874-0445c86b69e6",
            "role_definition_name": "Key Vault Secrets User",
            "scope": "/subscriptions/99b79efe-ebd6-468c-b39f-5669acb259e1/resourceGroups/04-t1-www/providers/Microsoft.KeyVault/vaults/www-kv-95710734",
            "skip_service_principal_aad_check": null,
            "timeouts": null
          },
          "sensitive_attributes": [],
          "identity_schema_version": 0,
          "private": "eyJlMmJmYjczMC1lY2FhLTExZTYtOGY4OC0zNDM2M2JjN2M0YzAiOnsiY3JlYXRlIjoxODAwMDAwMDAwMDAwLCJkZWxldGUiOjE4MDAwMDAwMDAwMDAsInJlYWQiOjMwMDAwMDAwMDAwMH19",
          "dependencies": [
            "azurerm_resource_group.rg",
            "module.identity.azurerm_user_assigned_identity.appgw_identity",
            "module.network_central.azurerm_subnet.subnets",
            "module.network_central.azurerm_virtual_network.vnet",
            "module.security.azurerm_key_vault.kv",
            "module.security.data.azurerm_client_config.current",
            "module.security.data.http.my_ip",
            "module.security.random_id.kv"
          ]
        }
      ]
    },
    {
      "module": "module.security",
      "mode": "managed",
      "type": "azurerm_role_assignment",
      "name": "kv_admin_sp",
      "provider": "provider[\"registry.terraform.io/hashicorp/azurerm\"]",
      "instances": [
        {
          "schema_version": 0,
          "attributes": {
            "condition": "",
            "condition_version": "",
            "delegated_managed_identity_resource_id": "",
            "description": "",
            "id": "/subscriptions/99b79efe-ebd6-468c-b39f-5669acb259e1/resourceGroups/04-t1-www/providers/Microsoft.KeyVault/vaults/www-kv-95710734/providers/Microsoft.Authorization/roleAssignments/174bc7bf-edb2-c350-cdc6-624a744f689b",
            "name": "174bc7bf-edb2-c350-cdc6-624a744f689b",
            "principal_id": "492131b6-671b-43f1-ac1e-db6a26222569",
            "principal_type": "User",
            "role_definition_id": "/subscriptions/99b79efe-ebd6-468c-b39f-5669acb259e1/providers/Microsoft.Authorization/roleDefinitions/00482a5a-887f-4fb3-b363-3b7fe8e74483",
            "role_definition_name": "Key Vault Administrator",
            "scope": "/subscriptions/99b79efe-ebd6-468c-b39f-5669acb259e1/resourceGroups/04-t1-www/providers/Microsoft.KeyVault/vaults/www-kv-95710734",
            "skip_service_principal_aad_check": null,
            "timeouts": null
          },
          "sensitive_attributes": [],
          "identity_schema_version": 0,
          "private": "eyJlMmJmYjczMC1lY2FhLTExZTYtOGY4OC0zNDM2M2JjN2M0YzAiOnsiY3JlYXRlIjoxODAwMDAwMDAwMDAwLCJkZWxldGUiOjE4MDAwMDAwMDAwMDAsInJlYWQiOjMwMDAwMDAwMDAwMH19",
          "dependencies": [
            "azurerm_resource_group.rg",
            "module.network_central.azurerm_subnet.subnets",
            "module.network_central.azurerm_virtual_network.vnet",
            "module.security.azurerm_key_vault.kv",
            "module.security.data.azurerm_client_config.current",
            "module.security.data.http.my_ip",
            "module.security.random_id.kv"
          ]
        }
      ]
    },
    {
      "module": "module.security",
      "mode": "managed",
      "type": "azurerm_role_assignment",
      "name": "vmss_kv_role",
      "provider": "provider[\"registry.terraform.io/hashicorp/azurerm\"]",
      "instances": [
        {
          "schema_version": 0,
          "attributes": {
            "condition": "",
            "condition_version": "",
            "delegated_managed_identity_resource_id": "",
            "description": "",
            "id": "/subscriptions/99b79efe-ebd6-468c-b39f-5669acb259e1/resourceGroups/04-t1-www/providers/Microsoft.KeyVault/vaults/www-kv-95710734/providers/Microsoft.Authorization/roleAssignments/fc9e1774-66be-a8ae-bf4b-4efee8008bba",
            "name": "fc9e1774-66be-a8ae-bf4b-4efee8008bba",
            "principal_id": "fbb2d43c-8f6c-46b8-a183-3b7fd047b201",
            "principal_type": "ServicePrincipal",
            "role_definition_id": "/subscriptions/99b79efe-ebd6-468c-b39f-5669acb259e1/providers/Microsoft.Authorization/roleDefinitions/4633458b-17de-408a-b874-0445c86b69e6",
            "role_definition_name": "Key Vault Secrets User",
            "scope": "/subscriptions/99b79efe-ebd6-468c-b39f-5669acb259e1/resourceGroups/04-t1-www/providers/Microsoft.KeyVault/vaults/www-kv-95710734",
            "skip_service_principal_aad_check": null,
            "timeouts": null
          },
          "sensitive_attributes": [],
          "identity_schema_version": 0,
          "private": "eyJlMmJmYjczMC1lY2FhLTExZTYtOGY4OC0zNDM2M2JjN2M0YzAiOnsiY3JlYXRlIjoxODAwMDAwMDAwMDAwLCJkZWxldGUiOjE4MDAwMDAwMDAwMDAsInJlYWQiOjMwMDAwMDAwMDAwMH19",
          "dependencies": [
            "azurerm_resource_group.rg",
            "module.identity.azurerm_user_assigned_identity.vmss_identity",
            "module.network_central.azurerm_subnet.subnets",
            "module.network_central.azurerm_virtual_network.vnet",
            "module.security.azurerm_key_vault.kv",
            "module.security.data.azurerm_client_config.current",
            "module.security.data.http.my_ip",
            "module.security.random_id.kv"
          ]
        }
      ]
    },
    {
      "module": "module.security",
      "mode": "managed",
      "type": "azurerm_security_center_subscription_pricing",
      "name": "arm",
      "provider": "provider[\"registry.terraform.io/hashicorp/azurerm\"]",
      "instances": [
        {
          "schema_version": 1,
          "attributes": {
            "extension": [],
            "id": "/subscriptions/99b79efe-ebd6-468c-b39f-5669acb259e1/providers/Microsoft.Security/pricings/Arm",
            "resource_type": "Arm",
            "subplan": "PerSubscription",
            "tier": "Standard",
            "timeouts": null
          },
          "sensitive_attributes": [],
          "identity_schema_version": 0,
          "private": "eyJlMmJmYjczMC1lY2FhLTExZTYtOGY4OC0zNDM2M2JjN2M0YzAiOnsiY3JlYXRlIjozNjAwMDAwMDAwMDAwLCJkZWxldGUiOjM2MDAwMDAwMDAwMDAsInJlYWQiOjMwMDAwMDAwMDAwMCwidXBkYXRlIjozNjAwMDAwMDAwMDAwfSwic2NoZW1hX3ZlcnNpb24iOiIxIn0="
        }
      ]
    },
    {
      "module": "module.security",
      "mode": "managed",
      "type": "azurerm_security_center_subscription_pricing",
      "name": "containers",
      "provider": "provider[\"registry.terraform.io/hashicorp/azurerm\"]",
      "instances": [
        {
          "schema_version": 1,
          "attributes": {
            "extension": [],
            "id": "/subscriptions/99b79efe-ebd6-468c-b39f-5669acb259e1/providers/Microsoft.Security/pricings/Containers",
            "resource_type": "Containers",
            "subplan": "",
            "tier": "Standard",
            "timeouts": null
          },
          "sensitive_attributes": [],
          "identity_schema_version": 0,
          "private": "eyJlMmJmYjczMC1lY2FhLTExZTYtOGY4OC0zNDM2M2JjN2M0YzAiOnsiY3JlYXRlIjozNjAwMDAwMDAwMDAwLCJkZWxldGUiOjM2MDAwMDAwMDAwMDAsInJlYWQiOjMwMDAwMDAwMDAwMCwidXBkYXRlIjozNjAwMDAwMDAwMDAwfSwic2NoZW1hX3ZlcnNpb24iOiIxIn0="
        }
      ]
    },
    {
      "module": "module.security",
      "mode": "managed",
      "type": "azurerm_security_center_subscription_pricing",
      "name": "dns",
      "provider": "provider[\"registry.terraform.io/hashicorp/azurerm\"]",
      "instances": [
        {
          "schema_version": 1,
          "attributes": {
            "extension": [],
            "id": "/subscriptions/99b79efe-ebd6-468c-b39f-5669acb259e1/providers/Microsoft.Security/pricings/Dns",
            "resource_type": "Dns",
            "subplan": "",
            "tier": "Standard",
            "timeouts": null
          },
          "sensitive_attributes": [],
          "identity_schema_version": 0,
          "private": "eyJlMmJmYjczMC1lY2FhLTExZTYtOGY4OC0zNDM2M2JjN2M0YzAiOnsiY3JlYXRlIjozNjAwMDAwMDAwMDAwLCJkZWxldGUiOjM2MDAwMDAwMDAwMDAsInJlYWQiOjMwMDAwMDAwMDAwMCwidXBkYXRlIjozNjAwMDAwMDAwMDAwfSwic2NoZW1hX3ZlcnNpb24iOiIxIn0="
        }
      ]
    },
    {
      "module": "module.security",
      "mode": "managed",
      "type": "azurerm_security_center_subscription_pricing",
      "name": "kv",
      "provider": "provider[\"registry.terraform.io/hashicorp/azurerm\"]",
      "instances": [
        {
          "schema_version": 1,
          "attributes": {
            "extension": [],
            "id": "/subscriptions/99b79efe-ebd6-468c-b39f-5669acb259e1/providers/Microsoft.Security/pricings/KeyVaults",
            "resource_type": "KeyVaults",
            "subplan": "PerKeyVault",
            "tier": "Standard",
            "timeouts": null
          },
          "sensitive_attributes": [],
          "identity_schema_version": 0,
          "private": "eyJlMmJmYjczMC1lY2FhLTExZTYtOGY4OC0zNDM2M2JjN2M0YzAiOnsiY3JlYXRlIjozNjAwMDAwMDAwMDAwLCJkZWxldGUiOjM2MDAwMDAwMDAwMDAsInJlYWQiOjMwMDAwMDAwMDAwMCwidXBkYXRlIjozNjAwMDAwMDAwMDAwfSwic2NoZW1hX3ZlcnNpb24iOiIxIn0="
        }
      ]
    },
    {
      "module": "module.security",
      "mode": "managed",
      "type": "azurerm_security_center_subscription_pricing",
      "name": "sql",
      "provider": "provider[\"registry.terraform.io/hashicorp/azurerm\"]",
      "instances": [
        {
          "schema_version": 1,
          "attributes": {
            "extension": [],
            "id": "/subscriptions/99b79efe-ebd6-468c-b39f-5669acb259e1/providers/Microsoft.Security/pricings/SqlServers",
            "resource_type": "SqlServers",
            "subplan": "",
            "tier": "Standard",
            "timeouts": null
          },
          "sensitive_attributes": [],
          "identity_schema_version": 0,
          "private": "eyJlMmJmYjczMC1lY2FhLTExZTYtOGY4OC0zNDM2M2JjN2M0YzAiOnsiY3JlYXRlIjozNjAwMDAwMDAwMDAwLCJkZWxldGUiOjM2MDAwMDAwMDAwMDAsInJlYWQiOjMwMDAwMDAwMDAwMCwidXBkYXRlIjozNjAwMDAwMDAwMDAwfSwic2NoZW1hX3ZlcnNpb24iOiIxIn0="
        }
      ]
    },
    {
      "module": "module.security",
      "mode": "managed",
      "type": "azurerm_security_center_subscription_pricing",
      "name": "storage",
      "provider": "provider[\"registry.terraform.io/hashicorp/azurerm\"]",
      "instances": [
        {
          "schema_version": 1,
          "attributes": {
            "extension": [],
            "id": "/subscriptions/99b79efe-ebd6-468c-b39f-5669acb259e1/providers/Microsoft.Security/pricings/StorageAccounts",
            "resource_type": "StorageAccounts",
            "subplan": "DefenderForStorageV2",
            "tier": "Standard",
            "timeouts": null
          },
          "sensitive_attributes": [],
          "identity_schema_version": 0,
          "private": "eyJlMmJmYjczMC1lY2FhLTExZTYtOGY4OC0zNDM2M2JjN2M0YzAiOnsiY3JlYXRlIjozNjAwMDAwMDAwMDAwLCJkZWxldGUiOjM2MDAwMDAwMDAwMDAsInJlYWQiOjMwMDAwMDAwMDAwMCwidXBkYXRlIjozNjAwMDAwMDAwMDAwfSwic2NoZW1hX3ZlcnNpb24iOiIxIn0="
        }
      ]
    },
    {
      "module": "module.security",
      "mode": "managed",
      "type": "azurerm_security_center_subscription_pricing",
      "name": "vm",
      "provider": "provider[\"registry.terraform.io/hashicorp/azurerm\"]",
      "instances": [
        {
          "schema_version": 1,
          "attributes": {
            "extension": [],
            "id": "/subscriptions/99b79efe-ebd6-468c-b39f-5669acb259e1/providers/Microsoft.Security/pricings/VirtualMachines",
            "resource_type": "VirtualMachines",
            "subplan": "P2",
            "tier": "Standard",
            "timeouts": null
          },
          "sensitive_attributes": [],
          "identity_schema_version": 0,
          "private": "eyJlMmJmYjczMC1lY2FhLTExZTYtOGY4OC0zNDM2M2JjN2M0YzAiOnsiY3JlYXRlIjozNjAwMDAwMDAwMDAwLCJkZWxldGUiOjM2MDAwMDAwMDAwMDAsInJlYWQiOjMwMDAwMDAwMDAwMCwidXBkYXRlIjozNjAwMDAwMDAwMDAwfSwic2NoZW1hX3ZlcnNpb24iOiIxIn0="
        }
      ]
    },
    {
      "module": "module.security",
      "mode": "managed",
      "type": "azurerm_sentinel_alert_rule_scheduled",
      "name": "break_glass_usage",
      "provider": "provider[\"registry.terraform.io/hashicorp/azurerm\"]",
      "instances": [
        {
          "schema_version": 0,
          "attributes": {
            "alert_details_override": [],
            "alert_rule_template_guid": "",
            "alert_rule_template_version": "",
            "custom_details": {},
            "description": "Detects successful login by emergency break-glass accounts.",
            "display_name": "EMERGENCY: Break Glass Account Used",
            "enabled": true,
            "entity_mapping": [],
            "event_grouping": [],
            "id": "/subscriptions/99b79efe-ebd6-468c-b39f-5669acb259e1/resourceGroups/04-t1-www/providers/Microsoft.OperationalInsights/workspaces/www-law/providers/Microsoft.SecurityInsights/alertRules/Break Glass Account Usage",
            "incident": [
              {
                "create_incident_enabled": true,
                "grouping": [
                  {
                    "by_alert_details": [],
                    "by_custom_details": [],
                    "by_entities": [],
                    "enabled": false,
                    "entity_matching_method": "AllEntities",
                    "lookback_duration": "PT5M",
                    "reopen_closed_incidents": false
                  }
                ]
              }
            ],
            "log_analytics_workspace_id": "/subscriptions/99b79efe-ebd6-468c-b39f-5669acb259e1/resourceGroups/04-t1-www/providers/Microsoft.OperationalInsights/workspaces/www-law",
            "name": "Break Glass Account Usage",
            "query": "SigninLogs\r\n| where UserPrincipalName contains \"breakglass\" or UserPrincipalName contains \"emergency\"\r\n| where ResultType == 0\r\n| project TimeGenerated, UserPrincipalName, IPAddress, Location\r\n",
            "query_frequency": "PT5M",
            "query_period": "PT5M",
            "sentinel_entity_mapping": [],
            "severity": "High",
            "suppression_duration": "PT5H",
            "suppression_enabled": false,
            "tactics": [],
            "techniques": [],
            "timeouts": null,
            "trigger_operator": "GreaterThan",
            "trigger_threshold": 0
          },
          "sensitive_attributes": [],
          "identity_schema_version": 0,
          "private": "eyJlMmJmYjczMC1lY2FhLTExZTYtOGY4OC0zNDM2M2JjN2M0YzAiOnsiY3JlYXRlIjoxODAwMDAwMDAwMDAwLCJkZWxldGUiOjE4MDAwMDAwMDAwMDAsInJlYWQiOjMwMDAwMDAwMDAwMCwidXBkYXRlIjoxODAwMDAwMDAwMDAwfX0=",
          "dependencies": [
            "azurerm_resource_group.rg",
            "module.security.azurerm_log_analytics_solution.sentinel",
            "module.security.azurerm_log_analytics_workspace.law",
            "module.security.azurerm_sentinel_log_analytics_workspace_onboarding.sentinel_onboarding"
          ]
        }
      ]
    },
    {
      "module": "module.security",
      "mode": "managed",
      "type": "azurerm_sentinel_alert_rule_scheduled",
      "name": "fw_deny",
      "provider": "provider[\"registry.terraform.io/hashicorp/azurerm\"]",
      "instances": [
        {
          "schema_version": 0,
          "attributes": {
            "alert_details_override": [],
            "alert_rule_template_guid": "",
            "alert_rule_template_version": "",
            "custom_details": {},
            "description": "Detects traffic blocked by Azure Firewall (Data Exfiltration Attempts).",
            "display_name": "External Communication Blocked by Firewall",
            "enabled": true,
            "entity_mapping": [],
            "event_grouping": [],
            "id": "/subscriptions/99b79efe-ebd6-468c-b39f-5669acb259e1/resourceGroups/04-t1-www/providers/Microsoft.OperationalInsights/workspaces/www-law/providers/Microsoft.SecurityInsights/alertRules/Firewall Blocked Traffic",
            "incident": [
              {
                "create_incident_enabled": true,
                "grouping": [
                  {
                    "by_alert_details": [],
                    "by_custom_details": [],
                    "by_entities": [],
                    "enabled": false,
                    "entity_matching_method": "AllEntities",
                    "lookback_duration": "PT5M",
                    "reopen_closed_incidents": false
                  }
                ]
              }
            ],
            "log_analytics_workspace_id": "/subscriptions/99b79efe-ebd6-468c-b39f-5669acb259e1/resourceGroups/04-t1-www/providers/Microsoft.OperationalInsights/workspaces/www-law",
            "name": "Firewall Blocked Traffic",
            "query": "union AZFWNetworkRule, AZFWApplicationRule\r\n| where Action contains \"Deny\"\r\n| extend Destination = case(\r\n    Type == \"AZFWNetworkRule\", DestinationIp,\r\n    Type == \"AZFWApplicationRule\", Fqdn,\r\n    \"Unknown\"\r\n  )\r\n| project TimeGenerated, SourceIp, Destination, Action, Protocol, DestinationPort\r\n",
            "query_frequency": "PT5M",
            "query_period": "PT5M",
            "sentinel_entity_mapping": [],
            "severity": "High",
            "suppression_duration": "PT5H",
            "suppression_enabled": false,
            "tactics": [],
            "techniques": [],
            "timeouts": null,
            "trigger_operator": "GreaterThan",
            "trigger_threshold": 0
          },
          "sensitive_attributes": [],
          "identity_schema_version": 0,
          "private": "eyJlMmJmYjczMC1lY2FhLTExZTYtOGY4OC0zNDM2M2JjN2M0YzAiOnsiY3JlYXRlIjoxODAwMDAwMDAwMDAwLCJkZWxldGUiOjE4MDAwMDAwMDAwMDAsInJlYWQiOjMwMDAwMDAwMDAwMCwidXBkYXRlIjoxODAwMDAwMDAwMDAwfX0=",
          "dependencies": [
            "azurerm_resource_group.rg",
            "module.security.azurerm_log_analytics_solution.sentinel",
            "module.security.azurerm_log_analytics_workspace.law",
            "module.security.azurerm_sentinel_log_analytics_workspace_onboarding.sentinel_onboarding"
          ]
        }
      ]
    },
    {
      "module": "module.security",
      "mode": "managed",
      "type": "azurerm_sentinel_alert_rule_scheduled",
      "name": "log_tampering",
      "provider": "provider[\"registry.terraform.io/hashicorp/azurerm\"]",
      "instances": [
        {
          "schema_version": 0,
          "attributes": {
            "alert_details_override": [],
            "alert_rule_template_guid": "",
            "alert_rule_template_version": "",
            "custom_details": {},
            "description": "Detects attempts to delete or tamper with log files.",
            "display_name": "Log File Deletion or Tampering",
            "enabled": true,
            "entity_mapping": [],
            "event_grouping": [],
            "id": "/subscriptions/99b79efe-ebd6-468c-b39f-5669acb259e1/resourceGroups/04-t1-www/providers/Microsoft.OperationalInsights/workspaces/www-law/providers/Microsoft.SecurityInsights/alertRules/Log Tampering Detection",
            "incident": [
              {
                "create_incident_enabled": true,
                "grouping": [
                  {
                    "by_alert_details": [],
                    "by_custom_details": [],
                    "by_entities": [],
                    "enabled": false,
                    "entity_matching_method": "AllEntities",
                    "lookback_duration": "PT5M",
                    "reopen_closed_incidents": false
                  }
                ]
              }
            ],
            "log_analytics_workspace_id": "/subscriptions/99b79efe-ebd6-468c-b39f-5669acb259e1/resourceGroups/04-t1-www/providers/Microsoft.OperationalInsights/workspaces/www-law",
            "name": "Log Tampering Detection",
            "query": "Syslog\r\n| where SyslogMessage contains \"rm \" and SyslogMessage contains \"/var/log\"\r\n    or SyslogMessage contains \"truncate\" and SyslogMessage contains \"log\"\r\n    or SyslogMessage contains \"\u003e /var/log\"\r\n| extend TamperingCommand = extract(@\"(rm|truncate|\u003e).*\", 0, SyslogMessage)\r\n| project TimeGenerated, Computer, TamperingCommand, SyslogMessage\r\n",
            "query_frequency": "PT5M",
            "query_period": "PT5M",
            "sentinel_entity_mapping": [],
            "severity": "High",
            "suppression_duration": "PT5H",
            "suppression_enabled": false,
            "tactics": [],
            "techniques": [],
            "timeouts": null,
            "trigger_operator": "GreaterThan",
            "trigger_threshold": 0
          },
          "sensitive_attributes": [],
          "identity_schema_version": 0,
          "private": "eyJlMmJmYjczMC1lY2FhLTExZTYtOGY4OC0zNDM2M2JjN2M0YzAiOnsiY3JlYXRlIjoxODAwMDAwMDAwMDAwLCJkZWxldGUiOjE4MDAwMDAwMDAwMDAsInJlYWQiOjMwMDAwMDAwMDAwMCwidXBkYXRlIjoxODAwMDAwMDAwMDAwfX0=",
          "dependencies": [
            "azurerm_resource_group.rg",
            "module.security.azurerm_log_analytics_solution.sentinel",
            "module.security.azurerm_log_analytics_workspace.law",
            "module.security.azurerm_sentinel_log_analytics_workspace_onboarding.sentinel_onboarding"
          ]
        }
      ]
    },
    {
      "module": "module.security",
      "mode": "managed",
      "type": "azurerm_sentinel_alert_rule_scheduled",
      "name": "mail_spoofing",
      "provider": "provider[\"registry.terraform.io/hashicorp/azurerm\"]",
      "instances": [
        {
          "schema_version": 0,
          "attributes": {
            "alert_details_override": [],
            "alert_rule_template_guid": "",
            "alert_rule_template_version": "",
            "custom_details": {},
            "description": "Detects email spoofing via SPF validation failure.",
            "display_name": "Email Spoofing Attempt Detected",
            "enabled": true,
            "entity_mapping": [],
            "event_grouping": [],
            "id": "/subscriptions/99b79efe-ebd6-468c-b39f-5669acb259e1/resourceGroups/04-t1-www/providers/Microsoft.OperationalInsights/workspaces/www-law/providers/Microsoft.SecurityInsights/alertRules/Mail Spoofing Attempt",
            "incident": [
              {
                "create_incident_enabled": true,
                "grouping": [
                  {
                    "by_alert_details": [],
                    "by_custom_details": [],
                    "by_entities": [],
                    "enabled": false,
                    "entity_matching_method": "AllEntities",
                    "lookback_duration": "PT5M",
                    "reopen_closed_incidents": false
                  }
                ]
              }
            ],
            "log_analytics_workspace_id": "/subscriptions/99b79efe-ebd6-468c-b39f-5669acb259e1/resourceGroups/04-t1-www/providers/Microsoft.OperationalInsights/workspaces/www-law",
            "name": "Mail Spoofing Attempt",
            "query": "Syslog\r\n| where Facility == \"mail\"\r\n| where SyslogMessage contains \"SPF\" and (SyslogMessage contains \"fail\" or SyslogMessage contains \"softfail\")\r\n| project TimeGenerated, Computer, SyslogMessage\r\n",
            "query_frequency": "PT15M",
            "query_period": "PT15M",
            "sentinel_entity_mapping": [],
            "severity": "Medium",
            "suppression_duration": "PT5H",
            "suppression_enabled": false,
            "tactics": [],
            "techniques": [],
            "timeouts": null,
            "trigger_operator": "GreaterThan",
            "trigger_threshold": 0
          },
          "sensitive_attributes": [],
          "identity_schema_version": 0,
          "private": "eyJlMmJmYjczMC1lY2FhLTExZTYtOGY4OC0zNDM2M2JjN2M0YzAiOnsiY3JlYXRlIjoxODAwMDAwMDAwMDAwLCJkZWxldGUiOjE4MDAwMDAwMDAwMDAsInJlYWQiOjMwMDAwMDAwMDAwMCwidXBkYXRlIjoxODAwMDAwMDAwMDAwfX0=",
          "dependencies": [
            "azurerm_resource_group.rg",
            "module.security.azurerm_log_analytics_solution.sentinel",
            "module.security.azurerm_log_analytics_workspace.law",
            "module.security.azurerm_sentinel_log_analytics_workspace_onboarding.sentinel_onboarding"
          ]
        }
      ]
    },
    {
      "module": "module.security",
      "mode": "managed",
      "type": "azurerm_sentinel_alert_rule_scheduled",
      "name": "malicious_ip",
      "provider": "provider[\"registry.terraform.io/hashicorp/azurerm\"]",
      "instances": [
        {
          "schema_version": 0,
          "attributes": {
            "alert_details_override": [],
            "alert_rule_template_guid": "",
            "alert_rule_template_version": "",
            "custom_details": {},
            "description": "Detects network security alerts from Defender for Cloud including suspicious IP communication.",
            "display_name": "Communication with Malicious IP (Defender)",
            "enabled": true,
            "entity_mapping": [],
            "event_grouping": [],
            "id": "/subscriptions/99b79efe-ebd6-468c-b39f-5669acb259e1/resourceGroups/04-t1-www/providers/Microsoft.OperationalInsights/workspaces/www-law/providers/Microsoft.SecurityInsights/alertRules/Malicious IP Communication",
            "incident": [
              {
                "create_incident_enabled": true,
                "grouping": [
                  {
                    "by_alert_details": [],
                    "by_custom_details": [],
                    "by_entities": [],
                    "enabled": false,
                    "entity_matching_method": "AllEntities",
                    "lookback_duration": "PT5M",
                    "reopen_closed_incidents": false
                  }
                ]
              }
            ],
            "log_analytics_workspace_id": "/subscriptions/99b79efe-ebd6-468c-b39f-5669acb259e1/resourceGroups/04-t1-www/providers/Microsoft.OperationalInsights/workspaces/www-law",
            "name": "Malicious IP Communication",
            "query": "SecurityAlert\r\n| where TimeGenerated \u003e ago(1h)\r\n| where ProviderName == \"Azure Security Center\"\r\n| where AlertType contains \"Network\" or AlertType contains \"SSH\" or AlertType contains \"RDP\"\r\n| project TimeGenerated, AlertName, Description, RemediationSteps, ResourceId\r\n",
            "query_frequency": "PT1H",
            "query_period": "PT1H",
            "sentinel_entity_mapping": [],
            "severity": "High",
            "suppression_duration": "PT5H",
            "suppression_enabled": false,
            "tactics": [],
            "techniques": [],
            "timeouts": null,
            "trigger_operator": "GreaterThan",
            "trigger_threshold": 0
          },
          "sensitive_attributes": [],
          "identity_schema_version": 0,
          "private": "eyJlMmJmYjczMC1lY2FhLTExZTYtOGY4OC0zNDM2M2JjN2M0YzAiOnsiY3JlYXRlIjoxODAwMDAwMDAwMDAwLCJkZWxldGUiOjE4MDAwMDAwMDAwMDAsInJlYWQiOjMwMDAwMDAwMDAwMCwidXBkYXRlIjoxODAwMDAwMDAwMDAwfX0=",
          "dependencies": [
            "azurerm_resource_group.rg",
            "module.security.azurerm_log_analytics_solution.sentinel",
            "module.security.azurerm_log_analytics_workspace.law",
            "module.security.azurerm_sentinel_log_analytics_workspace_onboarding.sentinel_onboarding"
          ]
        }
      ]
    },
    {
      "module": "module.security",
      "mode": "managed",
      "type": "azurerm_sentinel_alert_rule_scheduled",
      "name": "mass_http_requests",
      "provider": "provider[\"registry.terraform.io/hashicorp/azurerm\"]",
      "instances": [
        {
          "schema_version": 0,
          "attributes": {
            "alert_details_override": [],
            "alert_rule_template_guid": "",
            "alert_rule_template_version": "",
            "custom_details": {},
            "description": "Detects more than 100 HTTP requests per minute from single IP (DDoS/Crawler).",
            "display_name": "Suspicious Mass HTTP Requests",
            "enabled": true,
            "entity_mapping": [],
            "event_grouping": [],
            "id": "/subscriptions/99b79efe-ebd6-468c-b39f-5669acb259e1/resourceGroups/04-t1-www/providers/Microsoft.OperationalInsights/workspaces/www-law/providers/Microsoft.SecurityInsights/alertRules/Mass HTTP Request Detection",
            "incident": [
              {
                "create_incident_enabled": true,
                "grouping": [
                  {
                    "by_alert_details": [],
                    "by_custom_details": [],
                    "by_entities": [],
                    "enabled": false,
                    "entity_matching_method": "AllEntities",
                    "lookback_duration": "PT5M",
                    "reopen_closed_incidents": false
                  }
                ]
              }
            ],
            "log_analytics_workspace_id": "/subscriptions/99b79efe-ebd6-468c-b39f-5669acb259e1/resourceGroups/04-t1-www/providers/Microsoft.OperationalInsights/workspaces/www-law",
            "name": "Mass HTTP Request Detection",
            "query": "AzureDiagnostics\r\n| where ResourceType == \"APPLICATIONGATEWAYS\"\r\n| where Category == \"ApplicationGatewayAccessLog\"\r\n| summarize RequestCount = count() by clientIP_s, bin(TimeGenerated, 1m)\r\n| where RequestCount \u003e 100\r\n| project TimeGenerated, AttackerIP = clientIP_s, RequestCount\r\n",
            "query_frequency": "PT5M",
            "query_period": "PT5M",
            "sentinel_entity_mapping": [],
            "severity": "Medium",
            "suppression_duration": "PT5H",
            "suppression_enabled": false,
            "tactics": [],
            "techniques": [],
            "timeouts": null,
            "trigger_operator": "GreaterThan",
            "trigger_threshold": 0
          },
          "sensitive_attributes": [],
          "identity_schema_version": 0,
          "private": "eyJlMmJmYjczMC1lY2FhLTExZTYtOGY4OC0zNDM2M2JjN2M0YzAiOnsiY3JlYXRlIjoxODAwMDAwMDAwMDAwLCJkZWxldGUiOjE4MDAwMDAwMDAwMDAsInJlYWQiOjMwMDAwMDAwMDAwMCwidXBkYXRlIjoxODAwMDAwMDAwMDAwfX0=",
          "dependencies": [
            "azurerm_resource_group.rg",
            "module.security.azurerm_log_analytics_solution.sentinel",
            "module.security.azurerm_log_analytics_workspace.law",
            "module.security.azurerm_sentinel_log_analytics_workspace_onboarding.sentinel_onboarding"
          ]
        }
      ]
    },
    {
      "module": "module.security",
      "mode": "managed",
      "type": "azurerm_sentinel_alert_rule_scheduled",
      "name": "nsg_rule_change",
      "provider": "provider[\"registry.terraform.io/hashicorp/azurerm\"]",
      "instances": [
        {
          "schema_version": 0,
          "attributes": {
            "alert_details_override": [],
            "alert_rule_template_guid": "",
            "alert_rule_template_version": "",
            "custom_details": {},
            "description": "Detects when NSG security rules are created, modified or deleted.",
            "display_name": "Network Security Group Rule Modified",
            "enabled": true,
            "entity_mapping": [],
            "event_grouping": [],
            "id": "/subscriptions/99b79efe-ebd6-468c-b39f-5669acb259e1/resourceGroups/04-t1-www/providers/Microsoft.OperationalInsights/workspaces/www-law/providers/Microsoft.SecurityInsights/alertRules/NSG Rule Modification",
            "incident": [
              {
                "create_incident_enabled": true,
                "grouping": [
                  {
                    "by_alert_details": [],
                    "by_custom_details": [],
                    "by_entities": [],
                    "enabled": false,
                    "entity_matching_method": "AllEntities",
                    "lookback_duration": "PT5M",
                    "reopen_closed_incidents": false
                  }
                ]
              }
            ],
            "log_analytics_workspace_id": "/subscriptions/99b79efe-ebd6-468c-b39f-5669acb259e1/resourceGroups/04-t1-www/providers/Microsoft.OperationalInsights/workspaces/www-law",
            "name": "NSG Rule Modification",
            "query": "AzureActivity\r\n| where OperationNameValue contains \"MICROSOFT.NETWORK/NETWORKSECURITYGROUPS/SECURITYRULES\"\r\n| where ActivityStatusValue == \"Success\"\r\n| project TimeGenerated, Caller, CallerIpAddress, OperationNameValue, ResourceGroup\r\n",
            "query_frequency": "PT15M",
            "query_period": "PT15M",
            "sentinel_entity_mapping": [],
            "severity": "Medium",
            "suppression_duration": "PT5H",
            "suppression_enabled": false,
            "tactics": [],
            "techniques": [],
            "timeouts": null,
            "trigger_operator": "GreaterThan",
            "trigger_threshold": 0
          },
          "sensitive_attributes": [],
          "identity_schema_version": 0,
          "private": "eyJlMmJmYjczMC1lY2FhLTExZTYtOGY4OC0zNDM2M2JjN2M0YzAiOnsiY3JlYXRlIjoxODAwMDAwMDAwMDAwLCJkZWxldGUiOjE4MDAwMDAwMDAwMDAsInJlYWQiOjMwMDAwMDAwMDAwMCwidXBkYXRlIjoxODAwMDAwMDAwMDAwfX0=",
          "dependencies": [
            "azurerm_resource_group.rg",
            "module.security.azurerm_log_analytics_solution.sentinel",
            "module.security.azurerm_log_analytics_workspace.law",
            "module.security.azurerm_sentinel_log_analytics_workspace_onboarding.sentinel_onboarding"
          ]
        }
      ]
    },
    {
      "module": "module.security",
      "mode": "managed",
      "type": "azurerm_sentinel_alert_rule_scheduled",
      "name": "off_hours_login",
      "provider": "provider[\"registry.terraform.io/hashicorp/azurerm\"]",
      "instances": [
        {
          "schema_version": 0,
          "attributes": {
            "alert_details_override": [],
            "alert_rule_template_guid": "",
            "alert_rule_template_version": "",
            "custom_details": {},
            "description": "Detects logins during off-hours (02:00-05:00 KST). Extracts user and source IP.",
            "display_name": "Login During Off Hours (02:00-05:00)",
            "enabled": true,
            "entity_mapping": [],
            "event_grouping": [],
            "id": "/subscriptions/99b79efe-ebd6-468c-b39f-5669acb259e1/resourceGroups/04-t1-www/providers/Microsoft.OperationalInsights/workspaces/www-law/providers/Microsoft.SecurityInsights/alertRules/Off Hours Login",
            "incident": [
              {
                "create_incident_enabled": true,
                "grouping": [
                  {
                    "by_alert_details": [],
                    "by_custom_details": [],
                    "by_entities": [],
                    "enabled": false,
                    "entity_matching_method": "AllEntities",
                    "lookback_duration": "PT5M",
                    "reopen_closed_incidents": false
                  }
                ]
              }
            ],
            "log_analytics_workspace_id": "/subscriptions/99b79efe-ebd6-468c-b39f-5669acb259e1/resourceGroups/04-t1-www/providers/Microsoft.OperationalInsights/workspaces/www-law",
            "name": "Off Hours Login",
            "query": "Syslog\r\n| where Facility == \"auth\" or Facility == \"authpriv\"\r\n| where SyslogMessage contains \"Accepted\"\r\n| extend Hour = datetime_part(\"hour\", TimeGenerated)\r\n| where Hour \u003e= 2 and Hour \u003c= 5\r\n| extend LoginUser = extract(@\"for\\s+(\\w+)\\s+from\", 1, SyslogMessage)\r\n| extend SourceIP = extract(@\"from\\s+(\\d+\\.\\d+\\.\\d+\\.\\d+)\", 1, SyslogMessage)\r\n| project TimeGenerated, Computer, LoginUser, SourceIP, SyslogMessage\r\n",
            "query_frequency": "PT30M",
            "query_period": "PT30M",
            "sentinel_entity_mapping": [],
            "severity": "Low",
            "suppression_duration": "PT5H",
            "suppression_enabled": false,
            "tactics": [],
            "techniques": [],
            "timeouts": null,
            "trigger_operator": "GreaterThan",
            "trigger_threshold": 0
          },
          "sensitive_attributes": [],
          "identity_schema_version": 0,
          "private": "eyJlMmJmYjczMC1lY2FhLTExZTYtOGY4OC0zNDM2M2JjN2M0YzAiOnsiY3JlYXRlIjoxODAwMDAwMDAwMDAwLCJkZWxldGUiOjE4MDAwMDAwMDAwMDAsInJlYWQiOjMwMDAwMDAwMDAwMCwidXBkYXRlIjoxODAwMDAwMDAwMDAwfX0=",
          "dependencies": [
            "azurerm_resource_group.rg",
            "module.security.azurerm_log_analytics_solution.sentinel",
            "module.security.azurerm_log_analytics_workspace.law",
            "module.security.azurerm_sentinel_log_analytics_workspace_onboarding.sentinel_onboarding"
          ]
        }
      ]
    },
    {
      "module": "module.security",
      "mode": "managed",
      "type": "azurerm_sentinel_alert_rule_scheduled",
      "name": "port_scan",
      "provider": "provider[\"registry.terraform.io/hashicorp/azurerm\"]",
      "instances": [
        {
          "schema_version": 0,
          "attributes": {
            "alert_details_override": [],
            "alert_rule_template_guid": "",
            "alert_rule_template_version": "",
            "custom_details": {},
            "description": "Detects port scanning from iptables logs (10+ unique ports in 5 min). Requires iptables logging enabled.",
            "display_name": "Port Scanning Activity Detected",
            "enabled": false,
            "entity_mapping": [],
            "event_grouping": [],
            "id": "/subscriptions/99b79efe-ebd6-468c-b39f-5669acb259e1/resourceGroups/04-t1-www/providers/Microsoft.OperationalInsights/workspaces/www-law/providers/Microsoft.SecurityInsights/alertRules/Port Scan Detection",
            "incident": [
              {
                "create_incident_enabled": true,
                "grouping": [
                  {
                    "by_alert_details": [],
                    "by_custom_details": [],
                    "by_entities": [],
                    "enabled": false,
                    "entity_matching_method": "AllEntities",
                    "lookback_duration": "PT5M",
                    "reopen_closed_incidents": false
                  }
                ]
              }
            ],
            "log_analytics_workspace_id": "/subscriptions/99b79efe-ebd6-468c-b39f-5669acb259e1/resourceGroups/04-t1-www/providers/Microsoft.OperationalInsights/workspaces/www-law",
            "name": "Port Scan Detection",
            "query": "Syslog\r\n| where Facility == \"kern\"\r\n| where SyslogMessage contains \"BLOCKED\" or SyslogMessage contains \"DPT=\"\r\n| extend DestPort = extract(@\"DPT=(\\d+)\", 1, SyslogMessage)\r\n| extend SrcIP = extract(@\"SRC=(\\d+\\.\\d+\\.\\d+\\.\\d+)\", 1, SyslogMessage)\r\n| summarize PortsScanned = dcount(DestPort), AttemptCount = count() by SrcIP, bin(TimeGenerated, 5m)\r\n| where PortsScanned \u003e 10\r\n| project TimeGenerated, AttackerIP = SrcIP, PortsScanned, AttemptCount\r\n",
            "query_frequency": "PT10M",
            "query_period": "PT10M",
            "sentinel_entity_mapping": [],
            "severity": "Medium",
            "suppression_duration": "PT5H",
            "suppression_enabled": false,
            "tactics": [],
            "techniques": [],
            "timeouts": null,
            "trigger_operator": "GreaterThan",
            "trigger_threshold": 0
          },
          "sensitive_attributes": [],
          "identity_schema_version": 0,
          "private": "eyJlMmJmYjczMC1lY2FhLTExZTYtOGY4OC0zNDM2M2JjN2M0YzAiOnsiY3JlYXRlIjoxODAwMDAwMDAwMDAwLCJkZWxldGUiOjE4MDAwMDAwMDAwMDAsInJlYWQiOjMwMDAwMDAwMDAwMCwidXBkYXRlIjoxODAwMDAwMDAwMDAwfX0=",
          "dependencies": [
            "azurerm_resource_group.rg",
            "module.security.azurerm_log_analytics_solution.sentinel",
            "module.security.azurerm_log_analytics_workspace.law",
            "module.security.azurerm_sentinel_log_analytics_workspace_onboarding.sentinel_onboarding"
          ]
        }
      ]
    },
    {
      "module": "module.security",
      "mode": "managed",
      "type": "azurerm_sentinel_alert_rule_scheduled",
      "name": "privilege_escalation",
      "provider": "provider[\"registry.terraform.io/hashicorp/azurerm\"]",
      "instances": [
        {
          "schema_version": 0,
          "attributes": {
            "alert_details_override": [],
            "alert_rule_template_guid": "",
            "alert_rule_template_version": "",
            "custom_details": {},
            "description": "Detects failed sudo/su privilege escalation attempts.",
            "display_name": "Sudo/Su Privilege Escalation Failed",
            "enabled": true,
            "entity_mapping": [],
            "event_grouping": [],
            "id": "/subscriptions/99b79efe-ebd6-468c-b39f-5669acb259e1/resourceGroups/04-t1-www/providers/Microsoft.OperationalInsights/workspaces/www-law/providers/Microsoft.SecurityInsights/alertRules/Privilege Escalation Attempt",
            "incident": [
              {
                "create_incident_enabled": true,
                "grouping": [
                  {
                    "by_alert_details": [],
                    "by_custom_details": [],
                    "by_entities": [],
                    "enabled": false,
                    "entity_matching_method": "AllEntities",
                    "lookback_duration": "PT5M",
                    "reopen_closed_incidents": false
                  }
                ]
              }
            ],
            "log_analytics_workspace_id": "/subscriptions/99b79efe-ebd6-468c-b39f-5669acb259e1/resourceGroups/04-t1-www/providers/Microsoft.OperationalInsights/workspaces/www-law",
            "name": "Privilege Escalation Attempt",
            "query": "Syslog\r\n| where Facility == \"auth\" or Facility == \"authpriv\"\r\n| where SyslogMessage contains \"sudo\" and (SyslogMessage contains \"NOT in sudoers\" or SyslogMessage contains \"incorrect password\")\r\n| extend User = extract(@\"user=(\\w+)\", 1, SyslogMessage)\r\n| extend Command = extract(@\"COMMAND=(.+)\", 1, SyslogMessage)\r\n| project TimeGenerated, Computer, User, Command, SyslogMessage\r\n",
            "query_frequency": "PT5M",
            "query_period": "PT5M",
            "sentinel_entity_mapping": [],
            "severity": "High",
            "suppression_duration": "PT5H",
            "suppression_enabled": false,
            "tactics": [],
            "techniques": [],
            "timeouts": null,
            "trigger_operator": "GreaterThan",
            "trigger_threshold": 0
          },
          "sensitive_attributes": [],
          "identity_schema_version": 0,
          "private": "eyJlMmJmYjczMC1lY2FhLTExZTYtOGY4OC0zNDM2M2JjN2M0YzAiOnsiY3JlYXRlIjoxODAwMDAwMDAwMDAwLCJkZWxldGUiOjE4MDAwMDAwMDAwMDAsInJlYWQiOjMwMDAwMDAwMDAwMCwidXBkYXRlIjoxODAwMDAwMDAwMDAwfX0=",
          "dependencies": [
            "azurerm_resource_group.rg",
            "module.security.azurerm_log_analytics_solution.sentinel",
            "module.security.azurerm_log_analytics_workspace.law",
            "module.security.azurerm_sentinel_log_analytics_workspace_onboarding.sentinel_onboarding"
          ]
        }
      ]
    },
    {
      "module": "module.security",
      "mode": "managed",
      "type": "azurerm_sentinel_alert_rule_scheduled",
      "name": "rbac_change",
      "provider": "provider[\"registry.terraform.io/hashicorp/azurerm\"]",
      "instances": [
        {
          "schema_version": 0,
          "attributes": {
            "alert_details_override": [],
            "alert_rule_template_guid": "",
            "alert_rule_template_version": "",
            "custom_details": {},
            "description": "Detects when Azure RBAC role assignments are created, modified or deleted.",
            "display_name": "Azure RBAC Role Assignment Changed",
            "enabled": true,
            "entity_mapping": [],
            "event_grouping": [],
            "id": "/subscriptions/99b79efe-ebd6-468c-b39f-5669acb259e1/resourceGroups/04-t1-www/providers/Microsoft.OperationalInsights/workspaces/www-law/providers/Microsoft.SecurityInsights/alertRules/RBAC Role Assignment Change",
            "incident": [
              {
                "create_incident_enabled": true,
                "grouping": [
                  {
                    "by_alert_details": [],
                    "by_custom_details": [],
                    "by_entities": [],
                    "enabled": false,
                    "entity_matching_method": "AllEntities",
                    "lookback_duration": "PT5M",
                    "reopen_closed_incidents": false
                  }
                ]
              }
            ],
            "log_analytics_workspace_id": "/subscriptions/99b79efe-ebd6-468c-b39f-5669acb259e1/resourceGroups/04-t1-www/providers/Microsoft.OperationalInsights/workspaces/www-law",
            "name": "RBAC Role Assignment Change",
            "query": "AzureActivity\r\n| where OperationNameValue contains \"MICROSOFT.AUTHORIZATION/ROLEASSIGNMENTS\"\r\n| where ActivityStatusValue == \"Success\"\r\n| project TimeGenerated, Caller, CallerIpAddress, OperationNameValue, ResourceGroup\r\n",
            "query_frequency": "PT15M",
            "query_period": "PT15M",
            "sentinel_entity_mapping": [],
            "severity": "Medium",
            "suppression_duration": "PT5H",
            "suppression_enabled": false,
            "tactics": [],
            "techniques": [],
            "timeouts": null,
            "trigger_operator": "GreaterThan",
            "trigger_threshold": 0
          },
          "sensitive_attributes": [],
          "identity_schema_version": 0,
          "private": "eyJlMmJmYjczMC1lY2FhLTExZTYtOGY4OC0zNDM2M2JjN2M0YzAiOnsiY3JlYXRlIjoxODAwMDAwMDAwMDAwLCJkZWxldGUiOjE4MDAwMDAwMDAwMDAsInJlYWQiOjMwMDAwMDAwMDAwMCwidXBkYXRlIjoxODAwMDAwMDAwMDAwfX0=",
          "dependencies": [
            "azurerm_resource_group.rg",
            "module.security.azurerm_log_analytics_solution.sentinel",
            "module.security.azurerm_log_analytics_workspace.law",
            "module.security.azurerm_sentinel_log_analytics_workspace_onboarding.sentinel_onboarding"
          ]
        }
      ]
    },
    {
      "module": "module.security",
      "mode": "managed",
      "type": "azurerm_sentinel_alert_rule_scheduled",
      "name": "sensitive_file_access",
      "provider": "provider[\"registry.terraform.io/hashicorp/azurerm\"]",
      "instances": [
        {
          "schema_version": 0,
          "attributes": {
            "alert_details_override": [],
            "alert_rule_template_guid": "",
            "alert_rule_template_version": "",
            "custom_details": {},
            "description": "Detects access to sensitive files: /etc/passwd, shadow, sudoers, SSH keys, bash history.",
            "display_name": "Access to Sensitive Files",
            "enabled": true,
            "entity_mapping": [],
            "event_grouping": [],
            "id": "/subscriptions/99b79efe-ebd6-468c-b39f-5669acb259e1/resourceGroups/04-t1-www/providers/Microsoft.OperationalInsights/workspaces/www-law/providers/Microsoft.SecurityInsights/alertRules/Sensitive File Access",
            "incident": [
              {
                "create_incident_enabled": true,
                "grouping": [
                  {
                    "by_alert_details": [],
                    "by_custom_details": [],
                    "by_entities": [],
                    "enabled": false,
                    "entity_matching_method": "AllEntities",
                    "lookback_duration": "PT5M",
                    "reopen_closed_incidents": false
                  }
                ]
              }
            ],
            "log_analytics_workspace_id": "/subscriptions/99b79efe-ebd6-468c-b39f-5669acb259e1/resourceGroups/04-t1-www/providers/Microsoft.OperationalInsights/workspaces/www-law",
            "name": "Sensitive File Access",
            "query": "Syslog\r\n| where SyslogMessage contains \"/etc/passwd\" \r\n    or SyslogMessage contains \"/etc/shadow\"\r\n    or SyslogMessage contains \"/etc/sudoers\"\r\n    or SyslogMessage contains \".ssh/authorized_keys\"\r\n    or SyslogMessage contains \".bash_history\"\r\n| extend AccessedFile = extract(@\"(/etc/\\w+|\\.ssh/\\w+|\\.bash_history)\", 1, SyslogMessage)\r\n| project TimeGenerated, Computer, AccessedFile, SyslogMessage\r\n",
            "query_frequency": "PT15M",
            "query_period": "PT15M",
            "sentinel_entity_mapping": [],
            "severity": "Medium",
            "suppression_duration": "PT5H",
            "suppression_enabled": false,
            "tactics": [],
            "techniques": [],
            "timeouts": null,
            "trigger_operator": "GreaterThan",
            "trigger_threshold": 0
          },
          "sensitive_attributes": [],
          "identity_schema_version": 0,
          "private": "eyJlMmJmYjczMC1lY2FhLTExZTYtOGY4OC0zNDM2M2JjN2M0YzAiOnsiY3JlYXRlIjoxODAwMDAwMDAwMDAwLCJkZWxldGUiOjE4MDAwMDAwMDAwMDAsInJlYWQiOjMwMDAwMDAwMDAwMCwidXBkYXRlIjoxODAwMDAwMDAwMDAwfX0=",
          "dependencies": [
            "azurerm_resource_group.rg",
            "module.security.azurerm_log_analytics_solution.sentinel",
            "module.security.azurerm_log_analytics_workspace.law",
            "module.security.azurerm_sentinel_log_analytics_workspace_onboarding.sentinel_onboarding"
          ]
        }
      ]
    },
    {
      "module": "module.security",
      "mode": "managed",
      "type": "azurerm_sentinel_alert_rule_scheduled",
      "name": "smtp_brute_force",
      "provider": "provider[\"registry.terraform.io/hashicorp/azurerm\"]",
      "instances": [
        {
          "schema_version": 0,
          "attributes": {
            "alert_details_override": [],
            "alert_rule_template_guid": "",
            "alert_rule_template_version": "",
            "custom_details": {},
            "description": "Detects 5+ failed SMTP authentication attempts in 5 minutes.",
            "display_name": "SMTP Authentication Brute Force Attack",
            "enabled": true,
            "entity_mapping": [],
            "event_grouping": [],
            "id": "/subscriptions/99b79efe-ebd6-468c-b39f-5669acb259e1/resourceGroups/04-t1-www/providers/Microsoft.OperationalInsights/workspaces/www-law/providers/Microsoft.SecurityInsights/alertRules/SMTP Brute Force Detection",
            "incident": [
              {
                "create_incident_enabled": true,
                "grouping": [
                  {
                    "by_alert_details": [],
                    "by_custom_details": [],
                    "by_entities": [],
                    "enabled": false,
                    "entity_matching_method": "AllEntities",
                    "lookback_duration": "PT5M",
                    "reopen_closed_incidents": false
                  }
                ]
              }
            ],
            "log_analytics_workspace_id": "/subscriptions/99b79efe-ebd6-468c-b39f-5669acb259e1/resourceGroups/04-t1-www/providers/Microsoft.OperationalInsights/workspaces/www-law",
            "name": "SMTP Brute Force Detection",
            "query": "Syslog\r\n| where Facility == \"mail\"\r\n| where SyslogMessage contains \"authentication failed\" or SyslogMessage contains \"SASL LOGIN authentication failed\"\r\n| summarize FailedAttempts = count() by Computer, Bin = bin(TimeGenerated, 5m)\r\n| where FailedAttempts \u003e 5\r\n",
            "query_frequency": "PT5M",
            "query_period": "PT5M",
            "sentinel_entity_mapping": [],
            "severity": "High",
            "suppression_duration": "PT5H",
            "suppression_enabled": false,
            "tactics": [],
            "techniques": [],
            "timeouts": null,
            "trigger_operator": "GreaterThan",
            "trigger_threshold": 0
          },
          "sensitive_attributes": [],
          "identity_schema_version": 0,
          "private": "eyJlMmJmYjczMC1lY2FhLTExZTYtOGY4OC0zNDM2M2JjN2M0YzAiOnsiY3JlYXRlIjoxODAwMDAwMDAwMDAwLCJkZWxldGUiOjE4MDAwMDAwMDAwMDAsInJlYWQiOjMwMDAwMDAwMDAwMCwidXBkYXRlIjoxODAwMDAwMDAwMDAwfX0=",
          "dependencies": [
            "azurerm_resource_group.rg",
            "module.security.azurerm_log_analytics_solution.sentinel",
            "module.security.azurerm_log_analytics_workspace.law",
            "module.security.azurerm_sentinel_log_analytics_workspace_onboarding.sentinel_onboarding"
          ]
        }
      ]
    },
    {
      "module": "module.security",
      "mode": "managed",
      "type": "azurerm_sentinel_alert_rule_scheduled",
      "name": "ssh_brute_force",
      "provider": "provider[\"registry.terraform.io/hashicorp/azurerm\"]",
      "instances": [
        {
          "schema_version": 0,
          "attributes": {
            "alert_details_override": [],
            "alert_rule_template_guid": "",
            "alert_rule_template_version": "",
            "custom_details": {},
            "description": "Detects 3+ failed SSH login attempts within 5 minutes. Extracts attacker IP and target usernames.",
            "display_name": "SSH Brute Force Attack",
            "enabled": true,
            "entity_mapping": [],
            "event_grouping": [],
            "id": "/subscriptions/99b79efe-ebd6-468c-b39f-5669acb259e1/resourceGroups/04-t1-www/providers/Microsoft.OperationalInsights/workspaces/www-law/providers/Microsoft.SecurityInsights/alertRules/SSH Brute Force Detection",
            "incident": [
              {
                "create_incident_enabled": true,
                "grouping": [
                  {
                    "by_alert_details": [],
                    "by_custom_details": [],
                    "by_entities": [],
                    "enabled": false,
                    "entity_matching_method": "AllEntities",
                    "lookback_duration": "PT5M",
                    "reopen_closed_incidents": false
                  }
                ]
              }
            ],
            "log_analytics_workspace_id": "/subscriptions/99b79efe-ebd6-468c-b39f-5669acb259e1/resourceGroups/04-t1-www/providers/Microsoft.OperationalInsights/workspaces/www-law",
            "name": "SSH Brute Force Detection",
            "query": "Syslog\r\n| where Facility == \"auth\" or Facility == \"authpriv\"\r\n| where SyslogMessage contains \"Failed password\"\r\n| extend AttackerIP = extract(@\"from\\s+(\\d+\\.\\d+\\.\\d+\\.\\d+)\", 1, SyslogMessage)\r\n| extend TargetUser = extract(@\"for\\s+(invalid\\s+user\\s+)?(\\w+)\", 2, SyslogMessage)\r\n| summarize FailedAttempts = count(), TargetUsers = make_set(TargetUser) by Computer, AttackerIP, Bin = bin(TimeGenerated, 5m)\r\n| where FailedAttempts \u003e 3\r\n| project TimeGenerated = Bin, Computer, AttackerIP, FailedAttempts, TargetUsers\r\n",
            "query_frequency": "PT5M",
            "query_period": "PT5M",
            "sentinel_entity_mapping": [],
            "severity": "High",
            "suppression_duration": "PT5H",
            "suppression_enabled": false,
            "tactics": [],
            "techniques": [],
            "timeouts": null,
            "trigger_operator": "GreaterThan",
            "trigger_threshold": 0
          },
          "sensitive_attributes": [],
          "identity_schema_version": 0,
          "private": "eyJlMmJmYjczMC1lY2FhLTExZTYtOGY4OC0zNDM2M2JjN2M0YzAiOnsiY3JlYXRlIjoxODAwMDAwMDAwMDAwLCJkZWxldGUiOjE4MDAwMDAwMDAwMDAsInJlYWQiOjMwMDAwMDAwMDAwMCwidXBkYXRlIjoxODAwMDAwMDAwMDAwfX0=",
          "dependencies": [
            "azurerm_resource_group.rg",
            "module.security.azurerm_log_analytics_solution.sentinel",
            "module.security.azurerm_log_analytics_workspace.law",
            "module.security.azurerm_sentinel_log_analytics_workspace_onboarding.sentinel_onboarding"
          ]
        }
      ]
    },
    {
      "module": "module.security",
      "mode": "managed",
      "type": "azurerm_sentinel_alert_rule_scheduled",
      "name": "suspicious_process",
      "provider": "provider[\"registry.terraform.io/hashicorp/azurerm\"]",
      "instances": [
        {
          "schema_version": 0,
          "attributes": {
            "alert_details_override": [],
            "alert_rule_template_guid": "",
            "alert_rule_template_version": "",
            "custom_details": {},
            "description": "Detects execution of suspicious commands (reverse shells, downloaders).",
            "display_name": "Suspicious Process/Command Detected",
            "enabled": true,
            "entity_mapping": [],
            "event_grouping": [],
            "id": "/subscriptions/99b79efe-ebd6-468c-b39f-5669acb259e1/resourceGroups/04-t1-www/providers/Microsoft.OperationalInsights/workspaces/www-law/providers/Microsoft.SecurityInsights/alertRules/Suspicious Process Execution",
            "incident": [
              {
                "create_incident_enabled": true,
                "grouping": [
                  {
                    "by_alert_details": [],
                    "by_custom_details": [],
                    "by_entities": [],
                    "enabled": false,
                    "entity_matching_method": "AllEntities",
                    "lookback_duration": "PT5M",
                    "reopen_closed_incidents": false
                  }
                ]
              }
            ],
            "log_analytics_workspace_id": "/subscriptions/99b79efe-ebd6-468c-b39f-5669acb259e1/resourceGroups/04-t1-www/providers/Microsoft.OperationalInsights/workspaces/www-law",
            "name": "Suspicious Process Execution",
            "query": "Syslog\r\n| where SyslogMessage contains \"wget\" and SyslogMessage contains \"http\"\r\n    or SyslogMessage contains \"curl\" and SyslogMessage contains \"|\"\r\n    or SyslogMessage contains \"nc -e\"\r\n    or SyslogMessage contains \"bash -i\"\r\n    or SyslogMessage contains \"python -c\"\r\n    or SyslogMessage contains \"base64 -d\"\r\n| extend SuspiciousCommand = extract(@\"(wget|curl|nc|bash|python|base64).*\", 0, SyslogMessage)\r\n| project TimeGenerated, Computer, SuspiciousCommand, SyslogMessage\r\n",
            "query_frequency": "PT5M",
            "query_period": "PT5M",
            "sentinel_entity_mapping": [],
            "severity": "High",
            "suppression_duration": "PT5H",
            "suppression_enabled": false,
            "tactics": [],
            "techniques": [],
            "timeouts": null,
            "trigger_operator": "GreaterThan",
            "trigger_threshold": 0
          },
          "sensitive_attributes": [],
          "identity_schema_version": 0,
          "private": "eyJlMmJmYjczMC1lY2FhLTExZTYtOGY4OC0zNDM2M2JjN2M0YzAiOnsiY3JlYXRlIjoxODAwMDAwMDAwMDAwLCJkZWxldGUiOjE4MDAwMDAwMDAwMDAsInJlYWQiOjMwMDAwMDAwMDAwMCwidXBkYXRlIjoxODAwMDAwMDAwMDAwfX0=",
          "dependencies": [
            "azurerm_resource_group.rg",
            "module.security.azurerm_log_analytics_solution.sentinel",
            "module.security.azurerm_log_analytics_workspace.law",
            "module.security.azurerm_sentinel_log_analytics_workspace_onboarding.sentinel_onboarding"
          ]
        }
      ]
    },
    {
      "module": "module.security",
      "mode": "managed",
      "type": "azurerm_sentinel_alert_rule_scheduled",
      "name": "waf_attack",
      "provider": "provider[\"registry.terraform.io/hashicorp/azurerm\"]",
      "instances": [
        {
          "schema_version": 0,
          "attributes": {
            "alert_details_override": [],
            "alert_rule_template_guid": "",
            "alert_rule_template_version": "",
            "custom_details": {},
            "description": "Detects and classifies web attacks blocked by WAF (SQLi, XSS, etc).",
            "display_name": "Web Attack Blocked by WAF",
            "enabled": true,
            "entity_mapping": [],
            "event_grouping": [],
            "id": "/subscriptions/99b79efe-ebd6-468c-b39f-5669acb259e1/resourceGroups/04-t1-www/providers/Microsoft.OperationalInsights/workspaces/www-law/providers/Microsoft.SecurityInsights/alertRules/WAF Attack Detection",
            "incident": [
              {
                "create_incident_enabled": true,
                "grouping": [
                  {
                    "by_alert_details": [],
                    "by_custom_details": [],
                    "by_entities": [],
                    "enabled": false,
                    "entity_matching_method": "AllEntities",
                    "lookback_duration": "PT5M",
                    "reopen_closed_incidents": false
                  }
                ]
              }
            ],
            "log_analytics_workspace_id": "/subscriptions/99b79efe-ebd6-468c-b39f-5669acb259e1/resourceGroups/04-t1-www/providers/Microsoft.OperationalInsights/workspaces/www-law",
            "name": "WAF Attack Detection",
            "query": "AzureDiagnostics\r\n| where ResourceType == \"APPLICATIONGATEWAYS\"\r\n| where Category == \"ApplicationGatewayFirewallLog\"\r\n| extend AttackType = case(\r\n    Message contains \"SQL\", \"SQL Injection\",\r\n    Message contains \"XSS\", \"XSS Attack\",\r\n    Message contains \"command\", \"Command Injection\",\r\n    Message contains \"path traversal\", \"Path Traversal\",\r\n    \"Other Attack\"\r\n)\r\n| project TimeGenerated, Resource, AttackType, Message\r\n",
            "query_frequency": "PT15M",
            "query_period": "PT15M",
            "sentinel_entity_mapping": [],
            "severity": "Medium",
            "suppression_duration": "PT5H",
            "suppression_enabled": false,
            "tactics": [],
            "techniques": [],
            "timeouts": null,
            "trigger_operator": "GreaterThan",
            "trigger_threshold": 0
          },
          "sensitive_attributes": [],
          "identity_schema_version": 0,
          "private": "eyJlMmJmYjczMC1lY2FhLTExZTYtOGY4OC0zNDM2M2JjN2M0YzAiOnsiY3JlYXRlIjoxODAwMDAwMDAwMDAwLCJkZWxldGUiOjE4MDAwMDAwMDAwMDAsInJlYWQiOjMwMDAwMDAwMDAwMCwidXBkYXRlIjoxODAwMDAwMDAwMDAwfX0=",
          "dependencies": [
            "azurerm_resource_group.rg",
            "module.security.azurerm_log_analytics_solution.sentinel",
            "module.security.azurerm_log_analytics_workspace.law",
            "module.security.azurerm_sentinel_log_analytics_workspace_onboarding.sentinel_onboarding"
          ]
        }
      ]
    },
    {
      "module": "module.security",
      "mode": "managed",
      "type": "azurerm_sentinel_data_connector_azure_security_center",
      "name": "defender_cloud",
      "provider": "provider[\"registry.terraform.io/hashicorp/azurerm\"]",
      "instances": [
        {
          "schema_version": 0,
          "attributes": {
            "id": "/subscriptions/99b79efe-ebd6-468c-b39f-5669acb259e1/resourceGroups/04-t1-www/providers/Microsoft.OperationalInsights/workspaces/www-law/providers/Microsoft.SecurityInsights/dataConnectors/DefenderForCloudConnector",
            "log_analytics_workspace_id": "/subscriptions/99b79efe-ebd6-468c-b39f-5669acb259e1/resourceGroups/04-t1-www/providers/Microsoft.OperationalInsights/workspaces/www-law",
            "name": "DefenderForCloudConnector",
            "subscription_id": "99b79efe-ebd6-468c-b39f-5669acb259e1",
            "timeouts": null
          },
          "sensitive_attributes": [
            [
              {
                "type": "get_attr",
                "value": "subscription_id"
              }
            ]
          ],
          "identity_schema_version": 0,
          "private": "eyJlMmJmYjczMC1lY2FhLTExZTYtOGY4OC0zNDM2M2JjN2M0YzAiOnsiY3JlYXRlIjoxODAwMDAwMDAwMDAwLCJkZWxldGUiOjE4MDAwMDAwMDAwMDAsInJlYWQiOjMwMDAwMDAwMDAwMH19",
          "dependencies": [
            "azurerm_resource_group.rg",
            "module.security.azurerm_log_analytics_solution.sentinel",
            "module.security.azurerm_log_analytics_workspace.law",
            "module.security.azurerm_sentinel_log_analytics_workspace_onboarding.sentinel_onboarding"
          ]
        }
      ]
    },
    {
      "module": "module.security",
      "mode": "managed",
      "type": "azurerm_sentinel_log_analytics_workspace_onboarding",
      "name": "sentinel_onboarding",
      "provider": "provider[\"registry.terraform.io/hashicorp/azurerm\"]",
      "instances": [
        {
          "schema_version": 0,
          "attributes": {
            "customer_managed_key_enabled": false,
            "id": "/subscriptions/99b79efe-ebd6-468c-b39f-5669acb259e1/resourceGroups/04-t1-www/providers/Microsoft.OperationalInsights/workspaces/www-law/providers/Microsoft.SecurityInsights/onboardingStates/default",
            "timeouts": null,
            "workspace_id": "/subscriptions/99b79efe-ebd6-468c-b39f-5669acb259e1/resourceGroups/04-t1-www/providers/Microsoft.OperationalInsights/workspaces/www-law"
          },
          "sensitive_attributes": [],
          "identity_schema_version": 0,
          "private": "eyJlMmJmYjczMC1lY2FhLTExZTYtOGY4OC0zNDM2M2JjN2M0YzAiOnsiY3JlYXRlIjoxODAwMDAwMDAwMDAwLCJkZWxldGUiOjE4MDAwMDAwMDAwMDAsInJlYWQiOjMwMDAwMDAwMDAwMH19",
          "dependencies": [
            "azurerm_resource_group.rg",
            "module.security.azurerm_log_analytics_solution.sentinel",
            "module.security.azurerm_log_analytics_workspace.law"
          ]
        }
      ]
    },
    {
      "module": "module.security",
      "mode": "managed",
      "type": "random_id",
      "name": "kv",
      "provider": "provider[\"registry.terraform.io/hashicorp/random\"]",
      "instances": [
        {
          "schema_version": 0,
          "attributes": {
            "b64_std": "lXEHNA==",
            "b64_url": "lXEHNA",
            "byte_length": 4,
            "dec": "2507212596",
            "hex": "95710734",
            "id": "lXEHNA",
            "keepers": null,
            "prefix": null
          },
          "sensitive_attributes": [],
          "identity_schema_version": 0
        }
      ]
    },
    {
      "module": "module.security",
      "mode": "managed",
      "type": "time_sleep",
      "name": "wait_for_sentinel",
      "provider": "provider[\"registry.terraform.io/hashicorp/time\"]",
      "instances": [
        {
          "schema_version": 0,
          "attributes": {
            "create_duration": "120s",
            "destroy_duration": null,
            "id": "2025-12-10T15:25:38Z",
            "triggers": null
          },
          "sensitive_attributes": [],
          "identity_schema_version": 0,
          "dependencies": [
            "azurerm_resource_group.rg",
            "module.security.azurerm_log_analytics_solution.security",
            "module.security.azurerm_log_analytics_workspace.law"
          ]
        }
      ]
    },
    {
      "module": "module.serverless",
      "mode": "managed",
      "type": "azurerm_linux_function_app",
      "name": "image_processor",
      "provider": "provider[\"registry.terraform.io/hashicorp/azurerm\"]",
      "instances": [
        {
          "schema_version": 1,
          "attributes": {
            "app_settings": {
              "STORAGE_CONNECTION_STRING": "DefaultEndpointsProtocol=https;AccountName=wwwstorages4j7;AccountKey=9x86mBunOEXOJeR708tYp0K7Zmuyrvjs6WUq/bTQ7p/9EIEC4sRfCVA4Z6mVgV+O1/oQ/Lqxn9Fw+AStGks5HQ==;EndpointSuffix=core.windows.net",
              "THUMBNAIL_HEIGHT": "300",
              "THUMBNAIL_WIDTH": "300"
            },
            "auth_settings": [
              {
                "active_directory": [],
                "additional_login_parameters": {},
                "allowed_external_redirect_urls": [],
                "default_provider": "",
                "enabled": false,
                "facebook": [],
                "github": [],
                "google": [],
                "issuer": "",
                "microsoft": [],
                "runtime_version": "",
                "token_refresh_extension_hours": 0,
                "token_store_enabled": false,
                "twitter": [],
                "unauthenticated_client_action": ""
              }
            ],
            "auth_settings_v2": [],
            "backup": [],
            "builtin_logging_enabled": true,
            "client_certificate_enabled": false,
            "client_certificate_exclusion_paths": "",
            "client_certificate_mode": "Optional",
            "connection_string": [],
            "content_share_force_disabled": false,
            "custom_domain_verification_id": "67FB55E56820BD74EB9C69533C83FCD21FC405F2D826D4F996FC2DCF5C974CDE",
            "daily_memory_time_quota": 0,
            "default_hostname": "www-image-processor.azurewebsites.net",
            "enabled": true,
            "ftp_publish_basic_authentication_enabled": true,
            "functions_extension_version": "~4",
            "hosting_environment_id": "",
            "https_only": true,
            "id": "/subscriptions/99b79efe-ebd6-468c-b39f-5669acb259e1/resourceGroups/04-t1-www/providers/Microsoft.Web/sites/www-image-processor",
            "identity": [
              {
                "identity_ids": [],
                "principal_id": "8137e1f4-6594-4f86-bb2e-5bd66029033a",
                "tenant_id": "548e9ef4-b1d5-48fa-b220-59f52d6db511",
                "type": "SystemAssigned"
              }
            ],
            "key_vault_reference_identity_id": "SystemAssigned",
            "kind": "functionapp,linux",
            "location": "koreacentral",
            "name": "www-image-processor",
            "outbound_ip_address_list": [
              "52.231.37.184",
              "52.231.38.172",
              "52.231.33.182",
              "52.231.34.9",
              "52.231.38.95"
            ],
            "outbound_ip_addresses": "52.231.37.184,52.231.38.172,52.231.33.182,52.231.34.9,52.231.38.95",
            "possible_outbound_ip_address_list": [
              "52.231.37.184",
              "52.231.38.172",
              "52.231.33.182",
              "52.231.34.9",
              "52.231.69.201",
              "52.231.66.155",
              "20.200.234.181",
              "20.200.235.7",
              "20.200.236.212",
              "20.200.237.27",
              "20.200.237.191",
              "20.200.237.201",
              "20.214.218.33",
              "20.214.218.245",
              "20.214.218.250",
              "20.214.219.16",
              "20.214.219.54",
              "20.214.219.124",
              "52.231.38.95"
            ],
            "possible_outbound_ip_addresses": "52.231.37.184,52.231.38.172,52.231.33.182,52.231.34.9,52.231.69.201,52.231.66.155,20.200.234.181,20.200.235.7,20.200.236.212,20.200.237.27,20.200.237.191,20.200.237.201,20.214.218.33,20.214.218.245,20.214.218.250,20.214.219.16,20.214.219.54,20.214.219.124,52.231.38.95",
            "public_network_access_enabled": true,
            "resource_group_name": "04-t1-www",
            "service_plan_id": "/subscriptions/99b79efe-ebd6-468c-b39f-5669acb259e1/resourceGroups/04-t1-www/providers/Microsoft.Web/serverFarms/www-function-plan",
            "site_config": [
              {
                "always_on": false,
                "api_definition_url": "",
                "api_management_api_id": "",
                "app_command_line": "",
                "app_scale_limit": 200,
                "app_service_logs": [],
                "application_insights_connection_string": "",
                "application_insights_key": "",
                "application_stack": [
                  {
                    "docker": [],
                    "dotnet_version": "",
                    "java_version": "",
                    "node_version": "",
                    "powershell_core_version": "",
                    "python_version": "3.9",
                    "use_custom_runtime": false,
                    "use_dotnet_isolated_runtime": false
                  }
                ],
                "container_registry_managed_identity_client_id": "",
                "container_registry_use_managed_identity": false,
                "cors": [],
                "default_documents": [
                  "Default.htm",
                  "Default.html",
                  "Default.asp",
                  "index.htm",
                  "index.html",
                  "iisstart.htm",
                  "default.aspx",
                  "index.php"
                ],
                "detailed_error_logging_enabled": false,
                "elastic_instance_minimum": 1,
                "ftps_state": "Disabled",
                "health_check_eviction_time_in_min": 0,
                "health_check_path": "",
                "http2_enabled": false,
                "ip_restriction": [],
                "ip_restriction_default_action": "Allow",
                "linux_fx_version": "PYTHON|3.9",
                "load_balancing_mode": "LeastRequests",
                "managed_pipeline_mode": "Integrated",
                "minimum_tls_version": "1.2",
                "pre_warmed_instance_count": 0,
                "remote_debugging_enabled": false,
                "remote_debugging_version": "",
                "runtime_scale_monitoring_enabled": false,
                "scm_ip_restriction": [],
                "scm_ip_restriction_default_action": "Allow",
                "scm_minimum_tls_version": "1.2",
                "scm_type": "None",
                "scm_use_main_ip_restriction": false,
                "use_32_bit_worker": false,
                "vnet_route_all_enabled": false,
                "websockets_enabled": false,
                "worker_count": 1
              }
            ],
            "site_credential": [
              {
                "name": "$www-image-processor",
                "password": "hXrBqdNPlM2WcqEbWAwTEtbCkTd9iAClnFNnsrpwMaBY2rMmC2r8G2Rvd5Kt"
              }
            ],
            "sticky_settings": [],
            "storage_account": [],
            "storage_account_access_key": "",
            "storage_account_name": "wwwfuncsargcl",
            "storage_key_vault_secret_id": "",
            "storage_uses_managed_identity": true,
            "tags": {
              "Environment": "Production",
              "ManagedBy": "Terraform",
              "Purpose": "Image-Processor"
            },
            "timeouts": null,
            "virtual_network_backup_restore_enabled": false,
            "virtual_network_subnet_id": "",
            "vnet_image_pull_enabled": false,
            "webdeploy_publish_basic_authentication_enabled": true,
            "zip_deploy_file": ""
          },
          "sensitive_attributes": [
            [
              {
                "type": "get_attr",
                "value": "app_settings"
              },
              {
                "type": "index",
                "value": {
                  "value": "STORAGE_CONNECTION_STRING",
                  "type": "string"
                }
              }
            ],
            [
              {
                "type": "get_attr",
                "value": "custom_domain_verification_id"
              }
            ],
            [
              {
                "type": "get_attr",
                "value": "site_config"
              },
              {
                "type": "index",
                "value": {
                  "value": 0,
                  "type": "number"
                }
              },
              {
                "type": "get_attr",
                "value": "application_insights_connection_string"
              }
            ],
            [
              {
                "type": "get_attr",
                "value": "site_config"
              },
              {
                "type": "index",
                "value": {
                  "value": 0,
                  "type": "number"
                }
              },
              {
                "type": "get_attr",
                "value": "application_insights_key"
              }
            ],
            [
              {
                "type": "get_attr",
                "value": "site_credential"
              }
            ],
            [
              {
                "type": "get_attr",
                "value": "storage_account_access_key"
              }
            ]
          ],
          "identity_schema_version": 0,
          "identity": {
            "name": "www-image-processor",
            "resource_group_name": "04-t1-www",
            "subscription_id": "99b79efe-ebd6-468c-b39f-5669acb259e1"
          },
          "private": "eyJlMmJmYjczMC1lY2FhLTExZTYtOGY4OC0zNDM2M2JjN2M0YzAiOnsiY3JlYXRlIjoxODAwMDAwMDAwMDAwLCJkZWxldGUiOjE4MDAwMDAwMDAwMDAsInJlYWQiOjMwMDAwMDAwMDAwMCwidXBkYXRlIjoxODAwMDAwMDAwMDAwfSwic2NoZW1hX3ZlcnNpb24iOiIxIn0=",
          "dependencies": [
            "azurerm_resource_group.rg",
            "module.network_central.azurerm_subnet.subnets",
            "module.network_central.azurerm_virtual_network.vnet",
            "module.serverless.azurerm_service_plan.function",
            "module.serverless.azurerm_storage_account.function",
            "module.serverless.random_string.suffix",
            "module.storage.azurerm_storage_account.www_sa",
            "module.storage.random_string.sa_suffix"
          ]
        }
      ]
    },
    {
      "module": "module.serverless",
      "mode": "managed",
      "type": "azurerm_role_assignment",
      "name": "function_storage_blob",
      "provider": "provider[\"registry.terraform.io/hashicorp/azurerm\"]",
      "instances": [
        {
          "schema_version": 0,
          "attributes": {
            "condition": "",
            "condition_version": "",
            "delegated_managed_identity_resource_id": "",
            "description": "",
            "id": "/subscriptions/99b79efe-ebd6-468c-b39f-5669acb259e1/resourceGroups/04-t1-www/providers/Microsoft.Storage/storageAccounts/wwwfuncsargcl/providers/Microsoft.Authorization/roleAssignments/80c8f58a-6b0e-bed7-8067-be5672e70fe9",
            "name": "80c8f58a-6b0e-bed7-8067-be5672e70fe9",
            "principal_id": "8137e1f4-6594-4f86-bb2e-5bd66029033a",
            "principal_type": "ServicePrincipal",
            "role_definition_id": "/subscriptions/99b79efe-ebd6-468c-b39f-5669acb259e1/providers/Microsoft.Authorization/roleDefinitions/b7e6dc6d-f1e8-4753-8033-0f276bb0955b",
            "role_definition_name": "Storage Blob Data Owner",
            "scope": "/subscriptions/99b79efe-ebd6-468c-b39f-5669acb259e1/resourceGroups/04-t1-www/providers/Microsoft.Storage/storageAccounts/wwwfuncsargcl",
            "skip_service_principal_aad_check": null,
            "timeouts": null
          },
          "sensitive_attributes": [],
          "identity_schema_version": 0,
          "private": "eyJlMmJmYjczMC1lY2FhLTExZTYtOGY4OC0zNDM2M2JjN2M0YzAiOnsiY3JlYXRlIjoxODAwMDAwMDAwMDAwLCJkZWxldGUiOjE4MDAwMDAwMDAwMDAsInJlYWQiOjMwMDAwMDAwMDAwMH19",
          "dependencies": [
            "azurerm_resource_group.rg",
            "module.network_central.azurerm_subnet.subnets",
            "module.network_central.azurerm_virtual_network.vnet",
            "module.serverless.azurerm_linux_function_app.image_processor",
            "module.serverless.azurerm_service_plan.function",
            "module.serverless.azurerm_storage_account.function",
            "module.serverless.random_string.suffix",
            "module.storage.azurerm_storage_account.www_sa",
            "module.storage.random_string.sa_suffix"
          ]
        }
      ]
    },
    {
      "module": "module.serverless",
      "mode": "managed",
      "type": "azurerm_service_plan",
      "name": "function",
      "provider": "provider[\"registry.terraform.io/hashicorp/azurerm\"]",
      "instances": [
        {
          "schema_version": 1,
          "attributes": {
            "app_service_environment_id": "",
            "id": "/subscriptions/99b79efe-ebd6-468c-b39f-5669acb259e1/resourceGroups/04-t1-www/providers/Microsoft.Web/serverFarms/www-function-plan",
            "kind": "functionapp",
            "location": "koreacentral",
            "maximum_elastic_worker_count": 1,
            "name": "www-function-plan",
            "os_type": "Linux",
            "per_site_scaling_enabled": false,
            "premium_plan_auto_scale_enabled": false,
            "reserved": true,
            "resource_group_name": "04-t1-www",
            "sku_name": "Y1",
            "tags": {},
            "timeouts": null,
            "worker_count": 0,
            "zone_balancing_enabled": false
          },
          "sensitive_attributes": [],
          "identity_schema_version": 0,
          "private": "eyJlMmJmYjczMC1lY2FhLTExZTYtOGY4OC0zNDM2M2JjN2M0YzAiOnsiY3JlYXRlIjozNjAwMDAwMDAwMDAwLCJkZWxldGUiOjM2MDAwMDAwMDAwMDAsInJlYWQiOjMwMDAwMDAwMDAwMCwidXBkYXRlIjozNjAwMDAwMDAwMDAwfSwic2NoZW1hX3ZlcnNpb24iOiIxIn0=",
          "dependencies": [
            "azurerm_resource_group.rg"
          ]
        }
      ]
    },
    {
      "module": "module.serverless",
      "mode": "managed",
      "type": "azurerm_servicebus_namespace",
      "name": "main",
      "provider": "provider[\"registry.terraform.io/hashicorp/azurerm\"]",
      "instances": [
        {
          "schema_version": 1,
          "attributes": {
            "capacity": 0,
            "customer_managed_key": [],
            "default_primary_connection_string": "Endpoint=sb://www-servicebus.servicebus.windows.net/;SharedAccessKeyName=RootManageSharedAccessKey;SharedAccessKey=Dphk6TT+VAQnF+DJjZzJZrwIzEPndxGKD+ASbDBcA00=",
            "default_primary_key": "Dphk6TT+VAQnF+DJjZzJZrwIzEPndxGKD+ASbDBcA00=",
            "default_secondary_connection_string": "Endpoint=sb://www-servicebus.servicebus.windows.net/;SharedAccessKeyName=RootManageSharedAccessKey;SharedAccessKey=caGqGlf5bEHIJA9v1rzNuP0l4iMwrcGii+ASbNvx0us=",
            "default_secondary_key": "caGqGlf5bEHIJA9v1rzNuP0l4iMwrcGii+ASbNvx0us=",
            "endpoint": "https://www-servicebus.servicebus.windows.net:443/",
            "id": "/subscriptions/99b79efe-ebd6-468c-b39f-5669acb259e1/resourceGroups/04-t1-www/providers/Microsoft.ServiceBus/namespaces/www-servicebus",
            "identity": [],
            "local_auth_enabled": true,
            "location": "koreacentral",
            "minimum_tls_version": "1.2",
            "name": "www-servicebus",
            "network_rule_set": [
              {
                "default_action": "Allow",
                "ip_rules": [],
                "network_rules": [],
                "public_network_access_enabled": true,
                "trusted_services_allowed": false
              }
            ],
            "premium_messaging_partitions": 0,
            "public_network_access_enabled": true,
            "resource_group_name": "04-t1-www",
            "sku": "Standard",
            "tags": {
              "Environment": "Production",
              "ManagedBy": "Terraform",
              "Purpose": "Message-Queue"
            },
            "timeouts": null
          },
          "sensitive_attributes": [
            [
              {
                "type": "get_attr",
                "value": "default_primary_connection_string"
              }
            ],
            [
              {
                "type": "get_attr",
                "value": "default_primary_key"
              }
            ],
            [
              {
                "type": "get_attr",
                "value": "default_secondary_connection_string"
              }
            ],
            [
              {
                "type": "get_attr",
                "value": "default_secondary_key"
              }
            ]
          ],
          "identity_schema_version": 0,
          "private": "eyJlMmJmYjczMC1lY2FhLTExZTYtOGY4OC0zNDM2M2JjN2M0YzAiOnsiY3JlYXRlIjoxODAwMDAwMDAwMDAwLCJkZWxldGUiOjE4MDAwMDAwMDAwMDAsInJlYWQiOjMwMDAwMDAwMDAwMCwidXBkYXRlIjoxODAwMDAwMDAwMDAwfSwic2NoZW1hX3ZlcnNpb24iOiIxIn0=",
          "dependencies": [
            "azurerm_resource_group.rg"
          ]
        }
      ]
    },
    {
      "module": "module.serverless",
      "mode": "managed",
      "type": "azurerm_servicebus_queue",
      "name": "email",
      "provider": "provider[\"registry.terraform.io/hashicorp/azurerm\"]",
      "instances": [
        {
          "schema_version": 0,
          "attributes": {
            "auto_delete_on_idle": "P10675199DT2H48M5.4775807S",
            "batched_operations_enabled": true,
            "dead_lettering_on_message_expiration": false,
            "default_message_ttl": "P10675199DT2H48M5.4775807S",
            "duplicate_detection_history_time_window": "PT10M",
            "express_enabled": false,
            "forward_dead_lettered_messages_to": "",
            "forward_to": "",
            "id": "/subscriptions/99b79efe-ebd6-468c-b39f-5669acb259e1/resourceGroups/04-t1-www/providers/Microsoft.ServiceBus/namespaces/www-servicebus/queues/email-queue",
            "lock_duration": "PT1M",
            "max_delivery_count": 10,
            "max_message_size_in_kilobytes": 256,
            "max_size_in_megabytes": 1024,
            "name": "email-queue",
            "namespace_id": "/subscriptions/99b79efe-ebd6-468c-b39f-5669acb259e1/resourceGroups/04-t1-www/providers/Microsoft.ServiceBus/namespaces/www-servicebus",
            "partitioning_enabled": false,
            "requires_duplicate_detection": false,
            "requires_session": false,
            "status": "Active",
            "timeouts": null
          },
          "sensitive_attributes": [],
          "identity_schema_version": 0,
          "private": "eyJlMmJmYjczMC1lY2FhLTExZTYtOGY4OC0zNDM2M2JjN2M0YzAiOnsiY3JlYXRlIjoxODAwMDAwMDAwMDAwLCJkZWxldGUiOjE4MDAwMDAwMDAwMDAsInJlYWQiOjMwMDAwMDAwMDAwMCwidXBkYXRlIjoxODAwMDAwMDAwMDAwfX0=",
          "dependencies": [
            "azurerm_resource_group.rg",
            "module.serverless.azurerm_servicebus_namespace.main"
          ]
        }
      ]
    },
    {
      "module": "module.serverless",
      "mode": "managed",
      "type": "azurerm_servicebus_queue",
      "name": "image_processing",
      "provider": "provider[\"registry.terraform.io/hashicorp/azurerm\"]",
      "instances": [
        {
          "schema_version": 0,
          "attributes": {
            "auto_delete_on_idle": "P10675199DT2H48M5.4775807S",
            "batched_operations_enabled": true,
            "dead_lettering_on_message_expiration": true,
            "default_message_ttl": "P10675199DT2H48M5.4775807S",
            "duplicate_detection_history_time_window": "PT10M",
            "express_enabled": false,
            "forward_dead_lettered_messages_to": "",
            "forward_to": "",
            "id": "/subscriptions/99b79efe-ebd6-468c-b39f-5669acb259e1/resourceGroups/04-t1-www/providers/Microsoft.ServiceBus/namespaces/www-servicebus/queues/image-processing-queue",
            "lock_duration": "PT1M",
            "max_delivery_count": 10,
            "max_message_size_in_kilobytes": 256,
            "max_size_in_megabytes": 5120,
            "name": "image-processing-queue",
            "namespace_id": "/subscriptions/99b79efe-ebd6-468c-b39f-5669acb259e1/resourceGroups/04-t1-www/providers/Microsoft.ServiceBus/namespaces/www-servicebus",
            "partitioning_enabled": false,
            "requires_duplicate_detection": false,
            "requires_session": false,
            "status": "Active",
            "timeouts": null
          },
          "sensitive_attributes": [],
          "identity_schema_version": 0,
          "private": "eyJlMmJmYjczMC1lY2FhLTExZTYtOGY4OC0zNDM2M2JjN2M0YzAiOnsiY3JlYXRlIjoxODAwMDAwMDAwMDAwLCJkZWxldGUiOjE4MDAwMDAwMDAwMDAsInJlYWQiOjMwMDAwMDAwMDAwMCwidXBkYXRlIjoxODAwMDAwMDAwMDAwfX0=",
          "dependencies": [
            "azurerm_resource_group.rg",
            "module.serverless.azurerm_servicebus_namespace.main"
          ]
        }
      ]
    },
    {
      "module": "module.serverless",
      "mode": "managed",
      "type": "azurerm_servicebus_subscription",
      "name": "email_notifications",
      "provider": "provider[\"registry.terraform.io/hashicorp/azurerm\"]",
      "instances": [
        {
          "schema_version": 1,
          "attributes": {
            "auto_delete_on_idle": "P10675199DT2H48M5.4775807S",
            "batched_operations_enabled": false,
            "client_scoped_subscription": [],
            "client_scoped_subscription_enabled": false,
            "dead_lettering_on_filter_evaluation_error": true,
            "dead_lettering_on_message_expiration": false,
            "default_message_ttl": "P10675199DT2H48M5.4775807S",
            "forward_dead_lettered_messages_to": "",
            "forward_to": "",
            "id": "/subscriptions/99b79efe-ebd6-468c-b39f-5669acb259e1/resourceGroups/04-t1-www/providers/Microsoft.ServiceBus/namespaces/www-servicebus/topics/notifications-topic/subscriptions/email-notifications",
            "lock_duration": "PT1M",
            "max_delivery_count": 10,
            "name": "email-notifications",
            "requires_session": false,
            "status": "Active",
            "timeouts": null,
            "topic_id": "/subscriptions/99b79efe-ebd6-468c-b39f-5669acb259e1/resourceGroups/04-t1-www/providers/Microsoft.ServiceBus/namespaces/www-servicebus/topics/notifications-topic"
          },
          "sensitive_attributes": [],
          "identity_schema_version": 0,
          "private": "eyJlMmJmYjczMC1lY2FhLTExZTYtOGY4OC0zNDM2M2JjN2M0YzAiOnsiY3JlYXRlIjoxODAwMDAwMDAwMDAwLCJkZWxldGUiOjE4MDAwMDAwMDAwMDAsInJlYWQiOjMwMDAwMDAwMDAwMCwidXBkYXRlIjoxODAwMDAwMDAwMDAwfSwic2NoZW1hX3ZlcnNpb24iOiIxIn0=",
          "dependencies": [
            "azurerm_resource_group.rg",
            "module.serverless.azurerm_servicebus_namespace.main",
            "module.serverless.azurerm_servicebus_topic.notifications"
          ]
        }
      ]
    },
    {
      "module": "module.serverless",
      "mode": "managed",
      "type": "azurerm_servicebus_topic",
      "name": "notifications",
      "provider": "provider[\"registry.terraform.io/hashicorp/azurerm\"]",
      "instances": [
        {
          "schema_version": 0,
          "attributes": {
            "auto_delete_on_idle": "P10675199DT2H48M5.4775807S",
            "batched_operations_enabled": false,
            "default_message_ttl": "P10675199DT2H48M5.4775807S",
            "duplicate_detection_history_time_window": "PT10M",
            "express_enabled": false,
            "id": "/subscriptions/99b79efe-ebd6-468c-b39f-5669acb259e1/resourceGroups/04-t1-www/providers/Microsoft.ServiceBus/namespaces/www-servicebus/topics/notifications-topic",
            "max_message_size_in_kilobytes": 256,
            "max_size_in_megabytes": 5120,
            "name": "notifications-topic",
            "namespace_id": "/subscriptions/99b79efe-ebd6-468c-b39f-5669acb259e1/resourceGroups/04-t1-www/providers/Microsoft.ServiceBus/namespaces/www-servicebus",
            "partitioning_enabled": false,
            "requires_duplicate_detection": false,
            "status": "Active",
            "support_ordering": false,
            "timeouts": null
          },
          "sensitive_attributes": [],
          "identity_schema_version": 0,
          "private": "eyJlMmJmYjczMC1lY2FhLTExZTYtOGY4OC0zNDM2M2JjN2M0YzAiOnsiY3JlYXRlIjoxODAwMDAwMDAwMDAwLCJkZWxldGUiOjE4MDAwMDAwMDAwMDAsInJlYWQiOjMwMDAwMDAwMDAwMCwidXBkYXRlIjoxODAwMDAwMDAwMDAwfX0=",
          "dependencies": [
            "azurerm_resource_group.rg",
            "module.serverless.azurerm_servicebus_namespace.main"
          ]
        }
      ]
    },
    {
      "module": "module.serverless",
      "mode": "managed",
      "type": "azurerm_storage_account",
      "name": "function",
      "provider": "provider[\"registry.terraform.io/hashicorp/azurerm\"]",
      "instances": [
        {
          "schema_version": 4,
          "attributes": {
            "access_tier": "Hot",
            "account_kind": "StorageV2",
            "account_replication_type": "ZRS",
            "account_tier": "Standard",
            "allow_nested_items_to_be_public": true,
            "allowed_copy_scope": "",
            "azure_files_authentication": [],
            "blob_properties": [
              {
                "change_feed_enabled": false,
                "change_feed_retention_in_days": 0,
                "container_delete_retention_policy": [],
                "cors_rule": [],
                "default_service_version": "",
                "delete_retention_policy": [],
                "last_access_time_enabled": false,
                "restore_policy": [],
                "versioning_enabled": false
              }
            ],
            "cross_tenant_replication_enabled": false,
            "custom_domain": [],
            "customer_managed_key": [],
            "default_to_oauth_authentication": false,
            "dns_endpoint_type": "Standard",
            "edge_zone": "",
            "https_traffic_only_enabled": true,
            "id": "/subscriptions/99b79efe-ebd6-468c-b39f-5669acb259e1/resourceGroups/04-t1-www/providers/Microsoft.Storage/storageAccounts/wwwfuncsargcl",
            "identity": [],
            "immutability_policy": [],
            "infrastructure_encryption_enabled": false,
            "is_hns_enabled": false,
            "large_file_share_enabled": false,
            "local_user_enabled": true,
            "location": "koreacentral",
            "min_tls_version": "TLS1_2",
            "name": "wwwfuncsargcl",
            "network_rules": [],
            "nfsv3_enabled": false,
            "primary_access_key": "iAkGc5SSSucKHkDpIO6c60WOf7HFtPRpH/iXgN75Y2DJF7W4m9QlViMe4ixyoBMAXxgKEuZSOUbT+AStWf7Ftg==",
            "primary_blob_connection_string": "DefaultEndpointsProtocol=https;BlobEndpoint=https://wwwfuncsargcl.blob.core.windows.net/;AccountName=wwwfuncsargcl;AccountKey=iAkGc5SSSucKHkDpIO6c60WOf7HFtPRpH/iXgN75Y2DJF7W4m9QlViMe4ixyoBMAXxgKEuZSOUbT+AStWf7Ftg==",
            "primary_blob_endpoint": "https://wwwfuncsargcl.blob.core.windows.net/",
            "primary_blob_host": "wwwfuncsargcl.blob.core.windows.net",
            "primary_blob_internet_endpoint": "",
            "primary_blob_internet_host": "",
            "primary_blob_microsoft_endpoint": "",
            "primary_blob_microsoft_host": "",
            "primary_connection_string": "DefaultEndpointsProtocol=https;AccountName=wwwfuncsargcl;AccountKey=iAkGc5SSSucKHkDpIO6c60WOf7HFtPRpH/iXgN75Y2DJF7W4m9QlViMe4ixyoBMAXxgKEuZSOUbT+AStWf7Ftg==;EndpointSuffix=core.windows.net",
            "primary_dfs_endpoint": "https://wwwfuncsargcl.dfs.core.windows.net/",
            "primary_dfs_host": "wwwfuncsargcl.dfs.core.windows.net",
            "primary_dfs_internet_endpoint": "",
            "primary_dfs_internet_host": "",
            "primary_dfs_microsoft_endpoint": "",
            "primary_dfs_microsoft_host": "",
            "primary_file_endpoint": "https://wwwfuncsargcl.file.core.windows.net/",
            "primary_file_host": "wwwfuncsargcl.file.core.windows.net",
            "primary_file_internet_endpoint": "",
            "primary_file_internet_host": "",
            "primary_file_microsoft_endpoint": "",
            "primary_file_microsoft_host": "",
            "primary_location": "koreacentral",
            "primary_queue_endpoint": "https://wwwfuncsargcl.queue.core.windows.net/",
            "primary_queue_host": "wwwfuncsargcl.queue.core.windows.net",
            "primary_queue_microsoft_endpoint": "",
            "primary_queue_microsoft_host": "",
            "primary_table_endpoint": "https://wwwfuncsargcl.table.core.windows.net/",
            "primary_table_host": "wwwfuncsargcl.table.core.windows.net",
            "primary_table_microsoft_endpoint": "",
            "primary_table_microsoft_host": "",
            "primary_web_endpoint": "https://wwwfuncsargcl.z12.web.core.windows.net/",
            "primary_web_host": "wwwfuncsargcl.z12.web.core.windows.net",
            "primary_web_internet_endpoint": "",
            "primary_web_internet_host": "",
            "primary_web_microsoft_endpoint": "",
            "primary_web_microsoft_host": "",
            "provisioned_billing_model_version": "",
            "public_network_access_enabled": true,
            "queue_encryption_key_type": "Service",
            "queue_properties": [
              {
                "cors_rule": [],
                "hour_metrics": [
                  {
                    "enabled": false,
                    "include_apis": false,
                    "retention_policy_days": 0,
                    "version": "1.0"
                  }
                ],
                "logging": [
                  {
                    "delete": false,
                    "read": false,
                    "retention_policy_days": 0,
                    "version": "1.0",
                    "write": false
                  }
                ],
                "minute_metrics": [
                  {
                    "enabled": false,
                    "include_apis": false,
                    "retention_policy_days": 0,
                    "version": "1.0"
                  }
                ]
              }
            ],
            "resource_group_name": "04-t1-www",
            "routing": [],
            "sas_policy": [],
            "secondary_access_key": "ar/zmzsHYnO0pu7DZKRwlrUSORhFdS1Ja4oJMZ/QR0Yb/WnSuVfRRMLmZjWBXnEjrcUpeY8q05Xp+ASteC/ucQ==",
            "secondary_blob_connection_string": "",
            "secondary_blob_endpoint": "",
            "secondary_blob_host": "",
            "secondary_blob_internet_endpoint": "",
            "secondary_blob_internet_host": "",
            "secondary_blob_microsoft_endpoint": "",
            "secondary_blob_microsoft_host": "",
            "secondary_connection_string": "DefaultEndpointsProtocol=https;AccountName=wwwfuncsargcl;AccountKey=ar/zmzsHYnO0pu7DZKRwlrUSORhFdS1Ja4oJMZ/QR0Yb/WnSuVfRRMLmZjWBXnEjrcUpeY8q05Xp+ASteC/ucQ==;EndpointSuffix=core.windows.net",
            "secondary_dfs_endpoint": "",
            "secondary_dfs_host": "",
            "secondary_dfs_internet_endpoint": "",
            "secondary_dfs_internet_host": "",
            "secondary_dfs_microsoft_endpoint": "",
            "secondary_dfs_microsoft_host": "",
            "secondary_file_endpoint": "",
            "secondary_file_host": "",
            "secondary_file_internet_endpoint": "",
            "secondary_file_internet_host": "",
            "secondary_file_microsoft_endpoint": "",
            "secondary_file_microsoft_host": "",
            "secondary_location": "",
            "secondary_queue_endpoint": "",
            "secondary_queue_host": "",
            "secondary_queue_microsoft_endpoint": "",
            "secondary_queue_microsoft_host": "",
            "secondary_table_endpoint": "",
            "secondary_table_host": "",
            "secondary_table_microsoft_endpoint": "",
            "secondary_table_microsoft_host": "",
            "secondary_web_endpoint": "",
            "secondary_web_host": "",
            "secondary_web_internet_endpoint": "",
            "secondary_web_internet_host": "",
            "secondary_web_microsoft_endpoint": "",
            "secondary_web_microsoft_host": "",
            "sftp_enabled": false,
            "share_properties": [
              {
                "cors_rule": [],
                "retention_policy": [
                  {
                    "days": 7
                  }
                ],
                "smb": []
              }
            ],
            "shared_access_key_enabled": true,
            "static_website": [],
            "table_encryption_key_type": "Service",
            "tags": {
              "Environment": "Production",
              "ManagedBy": "Terraform",
              "Purpose": "Function-Storage"
            },
            "timeouts": null
          },
          "sensitive_attributes": [
            [
              {
                "type": "get_attr",
                "value": "primary_access_key"
              }
            ],
            [
              {
                "type": "get_attr",
                "value": "primary_blob_connection_string"
              }
            ],
            [
              {
                "type": "get_attr",
                "value": "primary_connection_string"
              }
            ],
            [
              {
                "type": "get_attr",
                "value": "secondary_access_key"
              }
            ],
            [
              {
                "type": "get_attr",
                "value": "secondary_blob_connection_string"
              }
            ],
            [
              {
                "type": "get_attr",
                "value": "secondary_connection_string"
              }
            ]
          ],
          "identity_schema_version": 0,
          "identity": {
            "name": "wwwfuncsargcl",
            "resource_group_name": "04-t1-www",
            "subscription_id": "99b79efe-ebd6-468c-b39f-5669acb259e1"
          },
          "private": "eyJlMmJmYjczMC1lY2FhLTExZTYtOGY4OC0zNDM2M2JjN2M0YzAiOnsiY3JlYXRlIjozNjAwMDAwMDAwMDAwLCJkZWxldGUiOjM2MDAwMDAwMDAwMDAsInJlYWQiOjMwMDAwMDAwMDAwMCwidXBkYXRlIjozNjAwMDAwMDAwMDAwfSwic2NoZW1hX3ZlcnNpb24iOiI0In0=",
          "dependencies": [
            "azurerm_resource_group.rg",
            "module.serverless.random_string.suffix"
          ]
        }
      ]
    },
    {
      "module": "module.serverless",
      "mode": "managed",
      "type": "random_string",
      "name": "suffix",
      "provider": "provider[\"registry.terraform.io/hashicorp/random\"]",
      "instances": [
        {
          "schema_version": 2,
          "attributes": {
            "id": "rgcl",
            "keepers": null,
            "length": 4,
            "lower": true,
            "min_lower": 0,
            "min_numeric": 0,
            "min_special": 0,
            "min_upper": 0,
            "number": true,
            "numeric": true,
            "override_special": null,
            "result": "rgcl",
            "special": false,
            "upper": false
          },
          "sensitive_attributes": [],
          "identity_schema_version": 0
        }
      ]
    },
    {
      "module": "module.storage",
      "mode": "managed",
      "type": "azurerm_monitor_diagnostic_setting",
      "name": "blob_diag",
      "provider": "provider[\"registry.terraform.io/hashicorp/azurerm\"]",
      "instances": [
        {
          "schema_version": 0,
          "attributes": {
            "enabled_log": [
              {
                "category": "StorageDelete",
                "category_group": "",
                "retention_policy": [
                  {
                    "days": 0,
                    "enabled": false
                  }
                ]
              },
              {
                "category": "StorageRead",
                "category_group": "",
                "retention_policy": [
                  {
                    "days": 0,
                    "enabled": false
                  }
                ]
              },
              {
                "category": "StorageWrite",
                "category_group": "",
                "retention_policy": [
                  {
                    "days": 0,
                    "enabled": false
                  }
                ]
              }
            ],
            "enabled_metric": [
              {
                "category": "Transaction"
              }
            ],
            "eventhub_authorization_rule_id": "",
            "eventhub_name": "",
            "id": "/subscriptions/99b79efe-ebd6-468c-b39f-5669acb259e1/resourceGroups/04-t1-www/providers/Microsoft.Storage/storageAccounts/wwwstorages4j7/blobServices/default|blob-diag",
            "log_analytics_destination_type": "",
            "log_analytics_workspace_id": "/subscriptions/99b79efe-ebd6-468c-b39f-5669acb259e1/resourceGroups/04-t1-www/providers/Microsoft.OperationalInsights/workspaces/www-law",
            "metric": [
              {
                "category": "Capacity",
                "enabled": false,
                "retention_policy": [
                  {
                    "days": 0,
                    "enabled": false
                  }
                ]
              },
              {
                "category": "Transaction",
                "enabled": true,
                "retention_policy": [
                  {
                    "days": 0,
                    "enabled": false
                  }
                ]
              }
            ],
            "name": "blob-diag",
            "partner_solution_id": null,
            "storage_account_id": null,
            "target_resource_id": "/subscriptions/99b79efe-ebd6-468c-b39f-5669acb259e1/resourceGroups/04-t1-www/providers/Microsoft.Storage/storageAccounts/wwwstorages4j7/blobServices/default",
            "timeouts": null
          },
          "sensitive_attributes": [],
          "identity_schema_version": 0,
          "private": "eyJlMmJmYjczMC1lY2FhLTExZTYtOGY4OC0zNDM2M2JjN2M0YzAiOnsiY3JlYXRlIjoxODAwMDAwMDAwMDAwLCJkZWxldGUiOjM2MDAwMDAwMDAwMDAsInJlYWQiOjMwMDAwMDAwMDAwMCwidXBkYXRlIjoxODAwMDAwMDAwMDAwfX0=",
          "dependencies": [
            "azurerm_resource_group.rg",
            "module.network_central.azurerm_subnet.subnets",
            "module.network_central.azurerm_virtual_network.vnet",
            "module.security.azurerm_log_analytics_workspace.law",
            "module.storage.azurerm_storage_account.www_sa",
            "module.storage.random_string.sa_suffix"
          ]
        }
      ]
    },
    {
      "module": "module.storage",
      "mode": "managed",
      "type": "azurerm_monitor_diagnostic_setting",
      "name": "storage_account_diag",
      "provider": "provider[\"registry.terraform.io/hashicorp/azurerm\"]",
      "instances": [
        {
          "schema_version": 0,
          "attributes": {
            "enabled_log": [],
            "enabled_metric": [
              {
                "category": "Transaction"
              }
            ],
            "eventhub_authorization_rule_id": "",
            "eventhub_name": "",
            "id": "/subscriptions/99b79efe-ebd6-468c-b39f-5669acb259e1/resourceGroups/04-t1-www/providers/Microsoft.Storage/storageAccounts/wwwstorages4j7|storage-account-diag",
            "log_analytics_destination_type": "",
            "log_analytics_workspace_id": "/subscriptions/99b79efe-ebd6-468c-b39f-5669acb259e1/resourceGroups/04-t1-www/providers/Microsoft.OperationalInsights/workspaces/www-law",
            "metric": [
              {
                "category": "Capacity",
                "enabled": false,
                "retention_policy": [
                  {
                    "days": 0,
                    "enabled": false
                  }
                ]
              },
              {
                "category": "Transaction",
                "enabled": true,
                "retention_policy": [
                  {
                    "days": 0,
                    "enabled": false
                  }
                ]
              }
            ],
            "name": "storage-account-diag",
            "partner_solution_id": null,
            "storage_account_id": null,
            "target_resource_id": "/subscriptions/99b79efe-ebd6-468c-b39f-5669acb259e1/resourceGroups/04-t1-www/providers/Microsoft.Storage/storageAccounts/wwwstorages4j7",
            "timeouts": null
          },
          "sensitive_attributes": [],
          "identity_schema_version": 0,
          "private": "eyJlMmJmYjczMC1lY2FhLTExZTYtOGY4OC0zNDM2M2JjN2M0YzAiOnsiY3JlYXRlIjoxODAwMDAwMDAwMDAwLCJkZWxldGUiOjM2MDAwMDAwMDAwMDAsInJlYWQiOjMwMDAwMDAwMDAwMCwidXBkYXRlIjoxODAwMDAwMDAwMDAwfX0=",
          "dependencies": [
            "azurerm_resource_group.rg",
            "module.network_central.azurerm_subnet.subnets",
            "module.network_central.azurerm_virtual_network.vnet",
            "module.security.azurerm_log_analytics_workspace.law",
            "module.storage.azurerm_storage_account.www_sa",
            "module.storage.random_string.sa_suffix"
          ]
        }
      ]
    },
    {
      "module": "module.storage",
      "mode": "managed",
      "type": "azurerm_private_dns_zone",
      "name": "storage_dns_zone",
      "provider": "provider[\"registry.terraform.io/hashicorp/azurerm\"]",
      "instances": [
        {
          "schema_version": 0,
          "attributes": {
            "id": "/subscriptions/99b79efe-ebd6-468c-b39f-5669acb259e1/resourceGroups/04-t1-www/providers/Microsoft.Network/privateDnsZones/privatelink.blob.core.windows.net",
            "max_number_of_record_sets": 25000,
            "max_number_of_virtual_network_links": 1000,
            "max_number_of_virtual_network_links_with_registration": 100,
            "name": "privatelink.blob.core.windows.net",
            "number_of_record_sets": 2,
            "resource_group_name": "04-t1-www",
            "soa_record": [
              {
                "email": "azureprivatedns-host.microsoft.com",
                "expire_time": 2419200,
                "fqdn": "privatelink.blob.core.windows.net.",
                "host_name": "azureprivatedns.net",
                "minimum_ttl": 10,
                "refresh_time": 3600,
                "retry_time": 300,
                "serial_number": 1,
                "tags": {},
                "ttl": 3600
              }
            ],
            "tags": {},
            "timeouts": null
          },
          "sensitive_attributes": [],
          "identity_schema_version": 0,
          "identity": {
            "name": "privatelink.blob.core.windows.net",
            "resource_group_name": "04-t1-www",
            "subscription_id": "99b79efe-ebd6-468c-b39f-5669acb259e1"
          },
          "private": "eyJlMmJmYjczMC1lY2FhLTExZTYtOGY4OC0zNDM2M2JjN2M0YzAiOnsiY3JlYXRlIjoxODAwMDAwMDAwMDAwLCJkZWxldGUiOjE4MDAwMDAwMDAwMDAsInJlYWQiOjMwMDAwMDAwMDAwMCwidXBkYXRlIjoxODAwMDAwMDAwMDAwfX0=",
          "dependencies": [
            "azurerm_resource_group.rg"
          ]
        }
      ]
    },
    {
      "module": "module.storage",
      "mode": "managed",
      "type": "azurerm_private_dns_zone_virtual_network_link",
      "name": "storage_dns_link",
      "provider": "provider[\"registry.terraform.io/hashicorp/azurerm\"]",
      "instances": [
        {
          "schema_version": 0,
          "attributes": {
            "id": "/subscriptions/99b79efe-ebd6-468c-b39f-5669acb259e1/resourceGroups/04-t1-www/providers/Microsoft.Network/privateDnsZones/privatelink.blob.core.windows.net/virtualNetworkLinks/www-storage-dns-link",
            "name": "www-storage-dns-link",
            "private_dns_zone_name": "privatelink.blob.core.windows.net",
            "registration_enabled": false,
            "resolution_policy": "Default",
            "resource_group_name": "04-t1-www",
            "tags": {},
            "timeouts": null,
            "virtual_network_id": "/subscriptions/99b79efe-ebd6-468c-b39f-5669acb259e1/resourceGroups/04-t1-www/providers/Microsoft.Network/virtualNetworks/vnet0"
          },
          "sensitive_attributes": [],
          "identity_schema_version": 0,
          "identity": {
            "name": "www-storage-dns-link",
            "private_dns_zone_name": "privatelink.blob.core.windows.net",
            "resource_group_name": "04-t1-www",
            "subscription_id": "99b79efe-ebd6-468c-b39f-5669acb259e1"
          },
          "private": "eyJlMmJmYjczMC1lY2FhLTExZTYtOGY4OC0zNDM2M2JjN2M0YzAiOnsiY3JlYXRlIjoxODAwMDAwMDAwMDAwLCJkZWxldGUiOjE4MDAwMDAwMDAwMDAsInJlYWQiOjMwMDAwMDAwMDAwMCwidXBkYXRlIjoxODAwMDAwMDAwMDAwfX0=",
          "dependencies": [
            "azurerm_resource_group.rg",
            "module.network_central.azurerm_virtual_network.vnet",
            "module.storage.azurerm_private_dns_zone.storage_dns_zone"
          ]
        }
      ]
    },
    {
      "module": "module.storage",
      "mode": "managed",
      "type": "azurerm_private_endpoint",
      "name": "storage_pe",
      "provider": "provider[\"registry.terraform.io/hashicorp/azurerm\"]",
      "instances": [
        {
          "schema_version": 0,
          "attributes": {
            "custom_dns_configs": [],
            "custom_network_interface_name": "www-storage-pe-nic",
            "id": "/subscriptions/99b79efe-ebd6-468c-b39f-5669acb259e1/resourceGroups/04-t1-www/providers/Microsoft.Network/privateEndpoints/www-storage-endpoint",
            "ip_configuration": [],
            "location": "koreacentral",
            "name": "www-storage-endpoint",
            "network_interface": [
              {
                "id": "/subscriptions/99b79efe-ebd6-468c-b39f-5669acb259e1/resourceGroups/04-t1-www/providers/Microsoft.Network/networkInterfaces/www-storage-pe-nic",
                "name": "www-storage-pe-nic"
              }
            ],
            "private_dns_zone_configs": [
              {
                "id": "/subscriptions/99b79efe-ebd6-468c-b39f-5669acb259e1/resourceGroups/04-t1-www/providers/Microsoft.Network/privateEndpoints/www-storage-endpoint/privateDnsZoneGroups/default/privateDnsZoneConfigs/privatelink.blob.core.windows.net",
                "name": "privatelink.blob.core.windows.net",
                "private_dns_zone_id": "/subscriptions/99b79efe-ebd6-468c-b39f-5669acb259e1/resourceGroups/04-t1-www/providers/Microsoft.Network/privateDnsZones/privatelink.blob.core.windows.net",
                "record_sets": [
                  {
                    "fqdn": "wwwstorages4j7.privatelink.blob.core.windows.net",
                    "ip_addresses": [
                      "172.16.2.4"
                    ],
                    "name": "wwwstorages4j7",
                    "ttl": 10,
                    "type": "A"
                  }
                ]
              }
            ],
            "private_dns_zone_group": [
              {
                "id": "/subscriptions/99b79efe-ebd6-468c-b39f-5669acb259e1/resourceGroups/04-t1-www/providers/Microsoft.Network/privateEndpoints/www-storage-endpoint/privateDnsZoneGroups/default",
                "name": "default",
                "private_dns_zone_ids": [
                  "/subscriptions/99b79efe-ebd6-468c-b39f-5669acb259e1/resourceGroups/04-t1-www/providers/Microsoft.Network/privateDnsZones/privatelink.blob.core.windows.net"
                ]
              }
            ],
            "private_service_connection": [
              {
                "is_manual_connection": false,
                "name": "www-storage-privatelink",
                "private_connection_resource_alias": "",
                "private_connection_resource_id": "/subscriptions/99b79efe-ebd6-468c-b39f-5669acb259e1/resourceGroups/04-t1-www/providers/Microsoft.Storage/storageAccounts/wwwstorages4j7",
                "private_ip_address": "172.16.2.4",
                "request_message": "",
                "subresource_names": [
                  "blob"
                ]
              }
            ],
            "resource_group_name": "04-t1-www",
            "subnet_id": "/subscriptions/99b79efe-ebd6-468c-b39f-5669acb259e1/resourceGroups/04-t1-www/providers/Microsoft.Network/virtualNetworks/vnet0/subnets/www-stor",
            "tags": {},
            "timeouts": null
          },
          "sensitive_attributes": [],
          "identity_schema_version": 0,
          "identity": {
            "name": "www-storage-endpoint",
            "resource_group_name": "04-t1-www",
            "subscription_id": "99b79efe-ebd6-468c-b39f-5669acb259e1"
          },
          "private": "eyJlMmJmYjczMC1lY2FhLTExZTYtOGY4OC0zNDM2M2JjN2M0YzAiOnsiY3JlYXRlIjozNjAwMDAwMDAwMDAwLCJkZWxldGUiOjM2MDAwMDAwMDAwMDAsInJlYWQiOjMwMDAwMDAwMDAwMCwidXBkYXRlIjozNjAwMDAwMDAwMDAwfX0=",
          "dependencies": [
            "azurerm_resource_group.rg",
            "module.network_central.azurerm_subnet.subnets",
            "module.network_central.azurerm_virtual_network.vnet",
            "module.storage.azurerm_private_dns_zone.storage_dns_zone",
            "module.storage.azurerm_storage_account.www_sa",
            "module.storage.random_string.sa_suffix"
          ]
        }
      ]
    },
    {
      "module": "module.storage",
      "mode": "managed",
      "type": "azurerm_storage_account",
      "name": "premium_sa",
      "provider": "provider[\"registry.terraform.io/hashicorp/azurerm\"]",
      "instances": [
        {
          "schema_version": 4,
          "attributes": {
            "access_tier": "",
            "account_kind": "BlockBlobStorage",
            "account_replication_type": "LRS",
            "account_tier": "Premium",
            "allow_nested_items_to_be_public": false,
            "allowed_copy_scope": "",
            "azure_files_authentication": [],
            "blob_properties": [
              {
                "change_feed_enabled": false,
                "change_feed_retention_in_days": 0,
                "container_delete_retention_policy": [],
                "cors_rule": [],
                "default_service_version": "",
                "delete_retention_policy": [],
                "last_access_time_enabled": false,
                "restore_policy": [],
                "versioning_enabled": false
              }
            ],
            "cross_tenant_replication_enabled": false,
            "custom_domain": [],
            "customer_managed_key": [],
            "default_to_oauth_authentication": false,
            "dns_endpoint_type": "Standard",
            "edge_zone": "",
            "https_traffic_only_enabled": true,
            "id": "/subscriptions/99b79efe-ebd6-468c-b39f-5669acb259e1/resourceGroups/04-t1-www/providers/Microsoft.Storage/storageAccounts/wwwpremiumsazjlkue",
            "identity": [],
            "immutability_policy": [],
            "infrastructure_encryption_enabled": true,
            "is_hns_enabled": false,
            "large_file_share_enabled": false,
            "local_user_enabled": true,
            "location": "koreacentral",
            "min_tls_version": "TLS1_2",
            "name": "wwwpremiumsazjlkue",
            "network_rules": [
              {
                "bypass": [
                  "AzureServices",
                  "Logging",
                  "Metrics"
                ],
                "default_action": "Deny",
                "ip_rules": [
                  "211.227.107.208",
                  "211.252.127.132",
                  "61.108.60.26"
                ],
                "private_link_access": [],
                "virtual_network_subnet_ids": [
                  "/subscriptions/99b79efe-ebd6-468c-b39f-5669acb259e1/resourceGroups/04-t1-www/providers/Microsoft.Network/virtualNetworks/vnet0/subnets/www-stor"
                ]
              }
            ],
            "nfsv3_enabled": false,
            "primary_access_key": "UUli1EiV4fhfQ5zNUjrSJw/mbNVBqJj3sw7CwivqMie8hP8aWiKhAW5R9NcI/aUiALBQ1v8cNpEJ+AStGgdV7Q==",
            "primary_blob_connection_string": "DefaultEndpointsProtocol=https;BlobEndpoint=https://wwwpremiumsazjlkue.blob.core.windows.net/;AccountName=wwwpremiumsazjlkue;AccountKey=UUli1EiV4fhfQ5zNUjrSJw/mbNVBqJj3sw7CwivqMie8hP8aWiKhAW5R9NcI/aUiALBQ1v8cNpEJ+AStGgdV7Q==",
            "primary_blob_endpoint": "https://wwwpremiumsazjlkue.blob.core.windows.net/",
            "primary_blob_host": "wwwpremiumsazjlkue.blob.core.windows.net",
            "primary_blob_internet_endpoint": "",
            "primary_blob_internet_host": "",
            "primary_blob_microsoft_endpoint": "",
            "primary_blob_microsoft_host": "",
            "primary_connection_string": "DefaultEndpointsProtocol=https;AccountName=wwwpremiumsazjlkue;AccountKey=UUli1EiV4fhfQ5zNUjrSJw/mbNVBqJj3sw7CwivqMie8hP8aWiKhAW5R9NcI/aUiALBQ1v8cNpEJ+AStGgdV7Q==;EndpointSuffix=core.windows.net",
            "primary_dfs_endpoint": "https://wwwpremiumsazjlkue.dfs.core.windows.net/",
            "primary_dfs_host": "wwwpremiumsazjlkue.dfs.core.windows.net",
            "primary_dfs_internet_endpoint": "",
            "primary_dfs_internet_host": "",
            "primary_dfs_microsoft_endpoint": "",
            "primary_dfs_microsoft_host": "",
            "primary_file_endpoint": "",
            "primary_file_host": "",
            "primary_file_internet_endpoint": "",
            "primary_file_internet_host": "",
            "primary_file_microsoft_endpoint": "",
            "primary_file_microsoft_host": "",
            "primary_location": "koreacentral",
            "primary_queue_endpoint": "",
            "primary_queue_host": "",
            "primary_queue_microsoft_endpoint": "",
            "primary_queue_microsoft_host": "",
            "primary_table_endpoint": "",
            "primary_table_host": "",
            "primary_table_microsoft_endpoint": "",
            "primary_table_microsoft_host": "",
            "primary_web_endpoint": "https://wwwpremiumsazjlkue.z12.web.core.windows.net/",
            "primary_web_host": "wwwpremiumsazjlkue.z12.web.core.windows.net",
            "primary_web_internet_endpoint": "",
            "primary_web_internet_host": "",
            "primary_web_microsoft_endpoint": "",
            "primary_web_microsoft_host": "",
            "provisioned_billing_model_version": "",
            "public_network_access_enabled": true,
            "queue_encryption_key_type": "Service",
            "queue_properties": [],
            "resource_group_name": "04-t1-www",
            "routing": [],
            "sas_policy": [],
            "secondary_access_key": "zVsbO0lgKkomGltmJc5DlmqTqNyi/NxVrB7mdZiJCODZuYfy6gGTPi2F4iEXG03wrrTZboRe7X2g+AStl6KaHQ==",
            "secondary_blob_connection_string": "",
            "secondary_blob_endpoint": "",
            "secondary_blob_host": "",
            "secondary_blob_internet_endpoint": "",
            "secondary_blob_internet_host": "",
            "secondary_blob_microsoft_endpoint": "",
            "secondary_blob_microsoft_host": "",
            "secondary_connection_string": "DefaultEndpointsProtocol=https;AccountName=wwwpremiumsazjlkue;AccountKey=zVsbO0lgKkomGltmJc5DlmqTqNyi/NxVrB7mdZiJCODZuYfy6gGTPi2F4iEXG03wrrTZboRe7X2g+AStl6KaHQ==;EndpointSuffix=core.windows.net",
            "secondary_dfs_endpoint": "",
            "secondary_dfs_host": "",
            "secondary_dfs_internet_endpoint": "",
            "secondary_dfs_internet_host": "",
            "secondary_dfs_microsoft_endpoint": "",
            "secondary_dfs_microsoft_host": "",
            "secondary_file_endpoint": "",
            "secondary_file_host": "",
            "secondary_file_internet_endpoint": "",
            "secondary_file_internet_host": "",
            "secondary_file_microsoft_endpoint": "",
            "secondary_file_microsoft_host": "",
            "secondary_location": "",
            "secondary_queue_endpoint": "",
            "secondary_queue_host": "",
            "secondary_queue_microsoft_endpoint": "",
            "secondary_queue_microsoft_host": "",
            "secondary_table_endpoint": "",
            "secondary_table_host": "",
            "secondary_table_microsoft_endpoint": "",
            "secondary_table_microsoft_host": "",
            "secondary_web_endpoint": "",
            "secondary_web_host": "",
            "secondary_web_internet_endpoint": "",
            "secondary_web_internet_host": "",
            "secondary_web_microsoft_endpoint": "",
            "secondary_web_microsoft_host": "",
            "sftp_enabled": false,
            "share_properties": [],
            "shared_access_key_enabled": true,
            "static_website": [],
            "table_encryption_key_type": "Service",
            "tags": {
              "environment": "production",
              "performance": "premium",
              "team": "www"
            },
            "timeouts": null
          },
          "sensitive_attributes": [
            [
              {
                "type": "get_attr",
                "value": "primary_access_key"
              }
            ],
            [
              {
                "type": "get_attr",
                "value": "primary_blob_connection_string"
              }
            ],
            [
              {
                "type": "get_attr",
                "value": "primary_connection_string"
              }
            ],
            [
              {
                "type": "get_attr",
                "value": "secondary_access_key"
              }
            ],
            [
              {
                "type": "get_attr",
                "value": "secondary_blob_connection_string"
              }
            ],
            [
              {
                "type": "get_attr",
                "value": "secondary_connection_string"
              }
            ]
          ],
          "identity_schema_version": 0,
          "identity": {
            "name": "wwwpremiumsazjlkue",
            "resource_group_name": "04-t1-www",
            "subscription_id": "99b79efe-ebd6-468c-b39f-5669acb259e1"
          },
          "private": "eyJlMmJmYjczMC1lY2FhLTExZTYtOGY4OC0zNDM2M2JjN2M0YzAiOnsiY3JlYXRlIjozNjAwMDAwMDAwMDAwLCJkZWxldGUiOjM2MDAwMDAwMDAwMDAsInJlYWQiOjMwMDAwMDAwMDAwMCwidXBkYXRlIjozNjAwMDAwMDAwMDAwfSwic2NoZW1hX3ZlcnNpb24iOiI0In0=",
          "dependencies": [
            "azurerm_resource_group.rg",
            "module.network_central.azurerm_subnet.subnets",
            "module.network_central.azurerm_virtual_network.vnet",
            "module.storage.random_string.premium_sa_suffix"
          ]
        }
      ]
    },
    {
      "module": "module.storage",
      "mode": "managed",
      "type": "azurerm_storage_account",
      "name": "www_sa",
      "provider": "provider[\"registry.terraform.io/hashicorp/azurerm\"]",
      "instances": [
        {
          "schema_version": 4,
          "attributes": {
            "access_tier": "Hot",
            "account_kind": "StorageV2",
            "account_replication_type": "LRS",
            "account_tier": "Standard",
            "allow_nested_items_to_be_public": false,
            "allowed_copy_scope": "",
            "azure_files_authentication": [],
            "blob_properties": [
              {
                "change_feed_enabled": true,
                "change_feed_retention_in_days": 7,
                "container_delete_retention_policy": [
                  {
                    "days": 30
                  }
                ],
                "cors_rule": [
                  {
                    "allowed_headers": [
                      "*"
                    ],
                    "allowed_methods": [
                      "GET",
                      "HEAD",
                      "POST"
                    ],
                    "allowed_origins": [
                      "*"
                    ],
                    "exposed_headers": [
                      "*"
                    ],
                    "max_age_in_seconds": 3600
                  }
                ],
                "default_service_version": "",
                "delete_retention_policy": [
                  {
                    "days": 30,
                    "permanent_delete_enabled": false
                  }
                ],
                "last_access_time_enabled": true,
                "restore_policy": [
                  {
                    "days": 29
                  }
                ],
                "versioning_enabled": true
              }
            ],
            "cross_tenant_replication_enabled": false,
            "custom_domain": [],
            "customer_managed_key": [],
            "default_to_oauth_authentication": false,
            "dns_endpoint_type": "Standard",
            "edge_zone": "",
            "https_traffic_only_enabled": true,
            "id": "/subscriptions/99b79efe-ebd6-468c-b39f-5669acb259e1/resourceGroups/04-t1-www/providers/Microsoft.Storage/storageAccounts/wwwstorages4j7",
            "identity": [],
            "immutability_policy": [],
            "infrastructure_encryption_enabled": true,
            "is_hns_enabled": false,
            "large_file_share_enabled": false,
            "local_user_enabled": true,
            "location": "koreacentral",
            "min_tls_version": "TLS1_2",
            "name": "wwwstorages4j7",
            "network_rules": [
              {
                "bypass": [
                  "AzureServices",
                  "Logging",
                  "Metrics"
                ],
                "default_action": "Deny",
                "ip_rules": [
                  "211.227.107.208",
                  "211.252.127.132",
                  "61.108.60.26"
                ],
                "private_link_access": [],
                "virtual_network_subnet_ids": [
                  "/subscriptions/99b79efe-ebd6-468c-b39f-5669acb259e1/resourceGroups/04-t1-www/providers/Microsoft.Network/virtualNetworks/vnet0/subnets/www-stor"
                ]
              }
            ],
            "nfsv3_enabled": false,
            "primary_access_key": "9x86mBunOEXOJeR708tYp0K7Zmuyrvjs6WUq/bTQ7p/9EIEC4sRfCVA4Z6mVgV+O1/oQ/Lqxn9Fw+AStGks5HQ==",
            "primary_blob_connection_string": "DefaultEndpointsProtocol=https;BlobEndpoint=https://wwwstorages4j7.blob.core.windows.net/;AccountName=wwwstorages4j7;AccountKey=9x86mBunOEXOJeR708tYp0K7Zmuyrvjs6WUq/bTQ7p/9EIEC4sRfCVA4Z6mVgV+O1/oQ/Lqxn9Fw+AStGks5HQ==",
            "primary_blob_endpoint": "https://wwwstorages4j7.blob.core.windows.net/",
            "primary_blob_host": "wwwstorages4j7.blob.core.windows.net",
            "primary_blob_internet_endpoint": "",
            "primary_blob_internet_host": "",
            "primary_blob_microsoft_endpoint": "",
            "primary_blob_microsoft_host": "",
            "primary_connection_string": "DefaultEndpointsProtocol=https;AccountName=wwwstorages4j7;AccountKey=9x86mBunOEXOJeR708tYp0K7Zmuyrvjs6WUq/bTQ7p/9EIEC4sRfCVA4Z6mVgV+O1/oQ/Lqxn9Fw+AStGks5HQ==;EndpointSuffix=core.windows.net",
            "primary_dfs_endpoint": "https://wwwstorages4j7.dfs.core.windows.net/",
            "primary_dfs_host": "wwwstorages4j7.dfs.core.windows.net",
            "primary_dfs_internet_endpoint": "",
            "primary_dfs_internet_host": "",
            "primary_dfs_microsoft_endpoint": "",
            "primary_dfs_microsoft_host": "",
            "primary_file_endpoint": "https://wwwstorages4j7.file.core.windows.net/",
            "primary_file_host": "wwwstorages4j7.file.core.windows.net",
            "primary_file_internet_endpoint": "",
            "primary_file_internet_host": "",
            "primary_file_microsoft_endpoint": "",
            "primary_file_microsoft_host": "",
            "primary_location": "koreacentral",
            "primary_queue_endpoint": "https://wwwstorages4j7.queue.core.windows.net/",
            "primary_queue_host": "wwwstorages4j7.queue.core.windows.net",
            "primary_queue_microsoft_endpoint": "",
            "primary_queue_microsoft_host": "",
            "primary_table_endpoint": "https://wwwstorages4j7.table.core.windows.net/",
            "primary_table_host": "wwwstorages4j7.table.core.windows.net",
            "primary_table_microsoft_endpoint": "",
            "primary_table_microsoft_host": "",
            "primary_web_endpoint": "https://wwwstorages4j7.z12.web.core.windows.net/",
            "primary_web_host": "wwwstorages4j7.z12.web.core.windows.net",
            "primary_web_internet_endpoint": "",
            "primary_web_internet_host": "",
            "primary_web_microsoft_endpoint": "",
            "primary_web_microsoft_host": "",
            "provisioned_billing_model_version": "",
            "public_network_access_enabled": false,
            "queue_encryption_key_type": "Service",
            "queue_properties": [
              {
                "cors_rule": [],
                "hour_metrics": [
                  {
                    "enabled": false,
                    "include_apis": false,
                    "retention_policy_days": 0,
                    "version": "1.0"
                  }
                ],
                "logging": [
                  {
                    "delete": false,
                    "read": false,
                    "retention_policy_days": 0,
                    "version": "1.0",
                    "write": false
                  }
                ],
                "minute_metrics": [
                  {
                    "enabled": false,
                    "include_apis": false,
                    "retention_policy_days": 0,
                    "version": "1.0"
                  }
                ]
              }
            ],
            "resource_group_name": "04-t1-www",
            "routing": [],
            "sas_policy": [],
            "secondary_access_key": "5nv8QkASZ/879IJG7k7/sTlfQRDM2A0NAnxmyxK8c2MM83YeyVNdzeG9yemYLxdyzFm9eLxjOBrn+AStarf4mg==",
            "secondary_blob_connection_string": "",
            "secondary_blob_endpoint": "",
            "secondary_blob_host": "",
            "secondary_blob_internet_endpoint": "",
            "secondary_blob_internet_host": "",
            "secondary_blob_microsoft_endpoint": "",
            "secondary_blob_microsoft_host": "",
            "secondary_connection_string": "DefaultEndpointsProtocol=https;AccountName=wwwstorages4j7;AccountKey=5nv8QkASZ/879IJG7k7/sTlfQRDM2A0NAnxmyxK8c2MM83YeyVNdzeG9yemYLxdyzFm9eLxjOBrn+AStarf4mg==;EndpointSuffix=core.windows.net",
            "secondary_dfs_endpoint": "",
            "secondary_dfs_host": "",
            "secondary_dfs_internet_endpoint": "",
            "secondary_dfs_internet_host": "",
            "secondary_dfs_microsoft_endpoint": "",
            "secondary_dfs_microsoft_host": "",
            "secondary_file_endpoint": "",
            "secondary_file_host": "",
            "secondary_file_internet_endpoint": "",
            "secondary_file_internet_host": "",
            "secondary_file_microsoft_endpoint": "",
            "secondary_file_microsoft_host": "",
            "secondary_location": "",
            "secondary_queue_endpoint": "",
            "secondary_queue_host": "",
            "secondary_queue_microsoft_endpoint": "",
            "secondary_queue_microsoft_host": "",
            "secondary_table_endpoint": "",
            "secondary_table_host": "",
            "secondary_table_microsoft_endpoint": "",
            "secondary_table_microsoft_host": "",
            "secondary_web_endpoint": "",
            "secondary_web_host": "",
            "secondary_web_internet_endpoint": "",
            "secondary_web_internet_host": "",
            "secondary_web_microsoft_endpoint": "",
            "secondary_web_microsoft_host": "",
            "sftp_enabled": false,
            "share_properties": [
              {
                "cors_rule": [],
                "retention_policy": [
                  {
                    "days": 7
                  }
                ],
                "smb": []
              }
            ],
            "shared_access_key_enabled": true,
            "static_website": [],
            "table_encryption_key_type": "Service",
            "tags": {
              "environment": "production",
              "team": "www"
            },
            "timeouts": null
          },
          "sensitive_attributes": [
            [
              {
                "type": "get_attr",
                "value": "primary_access_key"
              }
            ],
            [
              {
                "type": "get_attr",
                "value": "primary_blob_connection_string"
              }
            ],
            [
              {
                "type": "get_attr",
                "value": "primary_connection_string"
              }
            ],
            [
              {
                "type": "get_attr",
                "value": "secondary_access_key"
              }
            ],
            [
              {
                "type": "get_attr",
                "value": "secondary_blob_connection_string"
              }
            ],
            [
              {
                "type": "get_attr",
                "value": "secondary_connection_string"
              }
            ]
          ],
          "identity_schema_version": 0,
          "identity": {
            "name": "wwwstorages4j7",
            "resource_group_name": "04-t1-www",
            "subscription_id": "99b79efe-ebd6-468c-b39f-5669acb259e1"
          },
          "private": "eyJlMmJmYjczMC1lY2FhLTExZTYtOGY4OC0zNDM2M2JjN2M0YzAiOnsiY3JlYXRlIjozNjAwMDAwMDAwMDAwLCJkZWxldGUiOjM2MDAwMDAwMDAwMDAsInJlYWQiOjMwMDAwMDAwMDAwMCwidXBkYXRlIjozNjAwMDAwMDAwMDAwfSwic2NoZW1hX3ZlcnNpb24iOiI0In0=",
          "dependencies": [
            "azurerm_resource_group.rg",
            "module.network_central.azurerm_subnet.subnets",
            "module.network_central.azurerm_virtual_network.vnet",
            "module.storage.random_string.sa_suffix"
          ]
        }
      ]
    },
    {
      "module": "module.storage",
      "mode": "managed",
      "type": "azurerm_storage_container",
      "name": "mysql_backups",
      "provider": "provider[\"registry.terraform.io/hashicorp/azurerm\"]",
      "instances": [
        {
          "schema_version": 1,
          "attributes": {
            "container_access_type": "private",
            "default_encryption_scope": "$account-encryption-key",
            "encryption_scope_override_enabled": true,
            "has_immutability_policy": false,
            "has_legal_hold": false,
            "id": "/subscriptions/99b79efe-ebd6-468c-b39f-5669acb259e1/resourceGroups/04-t1-www/providers/Microsoft.Storage/storageAccounts/wwwstorages4j7/blobServices/default/containers/mysql-backups",
            "metadata": {
              "criticality": "critical",
              "purpose": "MySQL database backups",
              "retention": "compliance"
            },
            "name": "mysql-backups",
            "resource_manager_id": "/subscriptions/99b79efe-ebd6-468c-b39f-5669acb259e1/resourceGroups/04-t1-www/providers/Microsoft.Storage/storageAccounts/wwwstorages4j7/blobServices/default/containers/mysql-backups",
            "storage_account_id": "/subscriptions/99b79efe-ebd6-468c-b39f-5669acb259e1/resourceGroups/04-t1-www/providers/Microsoft.Storage/storageAccounts/wwwstorages4j7",
            "storage_account_name": "",
            "timeouts": null
          },
          "sensitive_attributes": [],
          "identity_schema_version": 0,
          "private": "eyJlMmJmYjczMC1lY2FhLTExZTYtOGY4OC0zNDM2M2JjN2M0YzAiOnsiY3JlYXRlIjoxODAwMDAwMDAwMDAwLCJkZWxldGUiOjE4MDAwMDAwMDAwMDAsInJlYWQiOjMwMDAwMDAwMDAwMCwidXBkYXRlIjoxODAwMDAwMDAwMDAwfSwic2NoZW1hX3ZlcnNpb24iOiIxIn0=",
          "dependencies": [
            "azurerm_resource_group.rg",
            "module.network_central.azurerm_subnet.subnets",
            "module.network_central.azurerm_virtual_network.vnet",
            "module.storage.azurerm_storage_account.www_sa",
            "module.storage.random_string.sa_suffix"
          ]
        }
      ]
    },
    {
      "module": "module.storage",
      "mode": "managed",
      "type": "azurerm_storage_container",
      "name": "wordpress_content",
      "provider": "provider[\"registry.terraform.io/hashicorp/azurerm\"]",
      "instances": [
        {
          "schema_version": 1,
          "attributes": {
            "container_access_type": "private",
            "default_encryption_scope": "$account-encryption-key",
            "encryption_scope_override_enabled": true,
            "has_immutability_policy": false,
            "has_legal_hold": false,
            "id": "/subscriptions/99b79efe-ebd6-468c-b39f-5669acb259e1/resourceGroups/04-t1-www/providers/Microsoft.Storage/storageAccounts/wwwpremiumsazjlkue/blobServices/default/containers/wordpress-content",
            "metadata": {
              "criticality": "high",
              "purpose": "WordPress content and uploads",
              "retention": "long-term"
            },
            "name": "wordpress-content",
            "resource_manager_id": "/subscriptions/99b79efe-ebd6-468c-b39f-5669acb259e1/resourceGroups/04-t1-www/providers/Microsoft.Storage/storageAccounts/wwwpremiumsazjlkue/blobServices/default/containers/wordpress-content",
            "storage_account_id": "/subscriptions/99b79efe-ebd6-468c-b39f-5669acb259e1/resourceGroups/04-t1-www/providers/Microsoft.Storage/storageAccounts/wwwpremiumsazjlkue",
            "storage_account_name": "",
            "timeouts": null
          },
          "sensitive_attributes": [],
          "identity_schema_version": 0,
          "private": "eyJlMmJmYjczMC1lY2FhLTExZTYtOGY4OC0zNDM2M2JjN2M0YzAiOnsiY3JlYXRlIjoxODAwMDAwMDAwMDAwLCJkZWxldGUiOjE4MDAwMDAwMDAwMDAsInJlYWQiOjMwMDAwMDAwMDAwMCwidXBkYXRlIjoxODAwMDAwMDAwMDAwfSwic2NoZW1hX3ZlcnNpb24iOiIxIn0=",
          "dependencies": [
            "azurerm_resource_group.rg",
            "module.network_central.azurerm_subnet.subnets",
            "module.network_central.azurerm_virtual_network.vnet",
            "module.storage.azurerm_storage_account.premium_sa",
            "module.storage.random_string.premium_sa_suffix"
          ]
        }
      ]
    },
    {
      "module": "module.storage",
      "mode": "managed",
      "type": "azurerm_storage_container",
      "name": "www_container",
      "provider": "provider[\"registry.terraform.io/hashicorp/azurerm\"]",
      "instances": [
        {
          "schema_version": 1,
          "attributes": {
            "container_access_type": "private",
            "default_encryption_scope": "$account-encryption-key",
            "encryption_scope_override_enabled": true,
            "has_immutability_policy": false,
            "has_legal_hold": false,
            "id": "/subscriptions/99b79efe-ebd6-468c-b39f-5669acb259e1/resourceGroups/04-t1-www/providers/Microsoft.Storage/storageAccounts/wwwstorages4j7/blobServices/default/containers/www-files",
            "metadata": {
              "criticality": "medium",
              "purpose": "General application files",
              "retention": "medium-term"
            },
            "name": "www-files",
            "resource_manager_id": "/subscriptions/99b79efe-ebd6-468c-b39f-5669acb259e1/resourceGroups/04-t1-www/providers/Microsoft.Storage/storageAccounts/wwwstorages4j7/blobServices/default/containers/www-files",
            "storage_account_id": "/subscriptions/99b79efe-ebd6-468c-b39f-5669acb259e1/resourceGroups/04-t1-www/providers/Microsoft.Storage/storageAccounts/wwwstorages4j7",
            "storage_account_name": "",
            "timeouts": null
          },
          "sensitive_attributes": [],
          "identity_schema_version": 0,
          "private": "eyJlMmJmYjczMC1lY2FhLTExZTYtOGY4OC0zNDM2M2JjN2M0YzAiOnsiY3JlYXRlIjoxODAwMDAwMDAwMDAwLCJkZWxldGUiOjE4MDAwMDAwMDAwMDAsInJlYWQiOjMwMDAwMDAwMDAwMCwidXBkYXRlIjoxODAwMDAwMDAwMDAwfSwic2NoZW1hX3ZlcnNpb24iOiIxIn0=",
          "dependencies": [
            "azurerm_resource_group.rg",
            "module.network_central.azurerm_subnet.subnets",
            "module.network_central.azurerm_virtual_network.vnet",
            "module.storage.azurerm_storage_account.www_sa",
            "module.storage.random_string.sa_suffix"
          ]
        }
      ]
    },
    {
      "module": "module.storage",
      "mode": "managed",
      "type": "azurerm_storage_container",
      "name": "www_media",
      "provider": "provider[\"registry.terraform.io/hashicorp/azurerm\"]",
      "instances": [
        {
          "schema_version": 1,
          "attributes": {
            "container_access_type": "private",
            "default_encryption_scope": "$account-encryption-key",
            "encryption_scope_override_enabled": true,
            "has_immutability_policy": false,
            "has_legal_hold": false,
            "id": "/subscriptions/99b79efe-ebd6-468c-b39f-5669acb259e1/resourceGroups/04-t1-www/providers/Microsoft.Storage/storageAccounts/wwwpremiumsazjlkue/blobServices/default/containers/media",
            "metadata": {
              "criticality": "high",
              "purpose": "User uploaded media files (photos, videos)",
              "retention": "long-term"
            },
            "name": "media",
            "resource_manager_id": "/subscriptions/99b79efe-ebd6-468c-b39f-5669acb259e1/resourceGroups/04-t1-www/providers/Microsoft.Storage/storageAccounts/wwwpremiumsazjlkue/blobServices/default/containers/media",
            "storage_account_id": "/subscriptions/99b79efe-ebd6-468c-b39f-5669acb259e1/resourceGroups/04-t1-www/providers/Microsoft.Storage/storageAccounts/wwwpremiumsazjlkue",
            "storage_account_name": "",
            "timeouts": null
          },
          "sensitive_attributes": [],
          "identity_schema_version": 0,
          "private": "eyJlMmJmYjczMC1lY2FhLTExZTYtOGY4OC0zNDM2M2JjN2M0YzAiOnsiY3JlYXRlIjoxODAwMDAwMDAwMDAwLCJkZWxldGUiOjE4MDAwMDAwMDAwMDAsInJlYWQiOjMwMDAwMDAwMDAwMCwidXBkYXRlIjoxODAwMDAwMDAwMDAwfSwic2NoZW1hX3ZlcnNpb24iOiIxIn0=",
          "dependencies": [
            "azurerm_resource_group.rg",
            "module.network_central.azurerm_subnet.subnets",
            "module.network_central.azurerm_virtual_network.vnet",
            "module.storage.azurerm_storage_account.premium_sa",
            "module.storage.random_string.premium_sa_suffix"
          ]
        }
      ]
    },
    {
      "module": "module.storage",
      "mode": "managed",
      "type": "azurerm_storage_container",
      "name": "www_tfstate",
      "provider": "provider[\"registry.terraform.io/hashicorp/azurerm\"]",
      "instances": [
        {
          "schema_version": 1,
          "attributes": {
            "container_access_type": "private",
            "default_encryption_scope": "$account-encryption-key",
            "encryption_scope_override_enabled": true,
            "has_immutability_policy": false,
            "has_legal_hold": false,
            "id": "/subscriptions/99b79efe-ebd6-468c-b39f-5669acb259e1/resourceGroups/04-t1-www/providers/Microsoft.Storage/storageAccounts/wwwstorages4j7/blobServices/default/containers/tfstate",
            "metadata": {
              "criticality": "critical",
              "purpose": "Terraform state files",
              "retention": "permanent"
            },
            "name": "tfstate",
            "resource_manager_id": "/subscriptions/99b79efe-ebd6-468c-b39f-5669acb259e1/resourceGroups/04-t1-www/providers/Microsoft.Storage/storageAccounts/wwwstorages4j7/blobServices/default/containers/tfstate",
            "storage_account_id": "/subscriptions/99b79efe-ebd6-468c-b39f-5669acb259e1/resourceGroups/04-t1-www/providers/Microsoft.Storage/storageAccounts/wwwstorages4j7",
            "storage_account_name": "",
            "timeouts": null
          },
          "sensitive_attributes": [],
          "identity_schema_version": 0,
          "private": "eyJlMmJmYjczMC1lY2FhLTExZTYtOGY4OC0zNDM2M2JjN2M0YzAiOnsiY3JlYXRlIjoxODAwMDAwMDAwMDAwLCJkZWxldGUiOjE4MDAwMDAwMDAwMDAsInJlYWQiOjMwMDAwMDAwMDAwMCwidXBkYXRlIjoxODAwMDAwMDAwMDAwfSwic2NoZW1hX3ZlcnNpb24iOiIxIn0=",
          "dependencies": [
            "azurerm_resource_group.rg",
            "module.network_central.azurerm_subnet.subnets",
            "module.network_central.azurerm_virtual_network.vnet",
            "module.storage.azurerm_storage_account.www_sa",
            "module.storage.random_string.sa_suffix"
          ]
        }
      ]
    },
    {
      "module": "module.storage",
      "mode": "managed",
      "type": "azurerm_storage_management_policy",
      "name": "www_policy",
      "provider": "provider[\"registry.terraform.io/hashicorp/azurerm\"]",
      "instances": [
        {
          "schema_version": 0,
          "attributes": {
            "id": "/subscriptions/99b79efe-ebd6-468c-b39f-5669acb259e1/resourceGroups/04-t1-www/providers/Microsoft.Storage/storageAccounts/wwwstorages4j7/managementPolicies/default",
            "rule": [
              {
                "actions": [
                  {
                    "base_blob": [
                      {
                        "auto_tier_to_hot_from_cool_enabled": false,
                        "delete_after_days_since_creation_greater_than": -1,
                        "delete_after_days_since_last_access_time_greater_than": -1,
                        "delete_after_days_since_modification_greater_than": 730,
                        "tier_to_archive_after_days_since_creation_greater_than": -1,
                        "tier_to_archive_after_days_since_last_access_time_greater_than": -1,
                        "tier_to_archive_after_days_since_last_tier_change_greater_than": -1,
                        "tier_to_archive_after_days_since_modification_greater_than": 90,
                        "tier_to_cold_after_days_since_creation_greater_than": -1,
                        "tier_to_cold_after_days_since_last_access_time_greater_than": -1,
                        "tier_to_cold_after_days_since_modification_greater_than": -1,
                        "tier_to_cool_after_days_since_creation_greater_than": -1,
                        "tier_to_cool_after_days_since_last_access_time_greater_than": -1,
                        "tier_to_cool_after_days_since_modification_greater_than": 30
                      }
                    ],
                    "snapshot": [
                      {
                        "change_tier_to_archive_after_days_since_creation": -1,
                        "change_tier_to_cool_after_days_since_creation": -1,
                        "delete_after_days_since_creation_greater_than": 90,
                        "tier_to_archive_after_days_since_last_tier_change_greater_than": -1,
                        "tier_to_cold_after_days_since_creation_greater_than": -1
                      }
                    ],
                    "version": [
                      {
                        "change_tier_to_archive_after_days_since_creation": -1,
                        "change_tier_to_cool_after_days_since_creation": -1,
                        "delete_after_days_since_creation": 90,
                        "tier_to_archive_after_days_since_last_tier_change_greater_than": -1,
                        "tier_to_cold_after_days_since_creation_greater_than": -1
                      }
                    ]
                  }
                ],
                "enabled": true,
                "filters": [
                  {
                    "blob_types": [
                      "blockBlob"
                    ],
                    "match_blob_index_tag": [],
                    "prefix_match": [
                      "media/"
                    ]
                  }
                ],
                "name": "media-lifecycle"
              },
              {
                "actions": [
                  {
                    "base_blob": [
                      {
                        "auto_tier_to_hot_from_cool_enabled": false,
                        "delete_after_days_since_creation_greater_than": -1,
                        "delete_after_days_since_last_access_time_greater_than": -1,
                        "delete_after_days_since_modification_greater_than": 365,
                        "tier_to_archive_after_days_since_creation_greater_than": -1,
                        "tier_to_archive_after_days_since_last_access_time_greater_than": -1,
                        "tier_to_archive_after_days_since_last_tier_change_greater_than": -1,
                        "tier_to_archive_after_days_since_modification_greater_than": 30,
                        "tier_to_cold_after_days_since_creation_greater_than": -1,
                        "tier_to_cold_after_days_since_last_access_time_greater_than": -1,
                        "tier_to_cold_after_days_since_modification_greater_than": -1,
                        "tier_to_cool_after_days_since_creation_greater_than": -1,
                        "tier_to_cool_after_days_since_last_access_time_greater_than": -1,
                        "tier_to_cool_after_days_since_modification_greater_than": 7
                      }
                    ],
                    "snapshot": [
                      {
                        "change_tier_to_archive_after_days_since_creation": -1,
                        "change_tier_to_cool_after_days_since_creation": -1,
                        "delete_after_days_since_creation_greater_than": 90,
                        "tier_to_archive_after_days_since_last_tier_change_greater_than": -1,
                        "tier_to_cold_after_days_since_creation_greater_than": -1
                      }
                    ],
                    "version": []
                  }
                ],
                "enabled": true,
                "filters": [
                  {
                    "blob_types": [
                      "blockBlob"
                    ],
                    "match_blob_index_tag": [],
                    "prefix_match": [
                      "mysql-backups/"
                    ]
                  }
                ],
                "name": "backup-lifecycle"
              },
              {
                "actions": [
                  {
                    "base_blob": [
                      {
                        "auto_tier_to_hot_from_cool_enabled": false,
                        "delete_after_days_since_creation_greater_than": -1,
                        "delete_after_days_since_last_access_time_greater_than": -1,
                        "delete_after_days_since_modification_greater_than": 90,
                        "tier_to_archive_after_days_since_creation_greater_than": -1,
                        "tier_to_archive_after_days_since_last_access_time_greater_than": -1,
                        "tier_to_archive_after_days_since_last_tier_change_greater_than": -1,
                        "tier_to_archive_after_days_since_modification_greater_than": -1,
                        "tier_to_cold_after_days_since_creation_greater_than": -1,
                        "tier_to_cold_after_days_since_last_access_time_greater_than": -1,
                        "tier_to_cold_after_days_since_modification_greater_than": -1,
                        "tier_to_cool_after_days_since_creation_greater_than": -1,
                        "tier_to_cool_after_days_since_last_access_time_greater_than": -1,
                        "tier_to_cool_after_days_since_modification_greater_than": 7
                      }
                    ],
                    "snapshot": [],
                    "version": []
                  }
                ],
                "enabled": true,
                "filters": [
                  {
                    "blob_types": [
                      "blockBlob"
                    ],
                    "match_blob_index_tag": [],
                    "prefix_match": [
                      "logs/"
                    ]
                  }
                ],
                "name": "log-lifecycle"
              },
              {
                "actions": [
                  {
                    "base_blob": [],
                    "snapshot": [],
                    "version": [
                      {
                        "change_tier_to_archive_after_days_since_creation": -1,
                        "change_tier_to_cool_after_days_since_creation": -1,
                        "delete_after_days_since_creation": 180,
                        "tier_to_archive_after_days_since_last_tier_change_greater_than": -1,
                        "tier_to_cold_after_days_since_creation_greater_than": -1
                      }
                    ]
                  }
                ],
                "enabled": true,
                "filters": [
                  {
                    "blob_types": [
                      "blockBlob"
                    ],
                    "match_blob_index_tag": [],
                    "prefix_match": []
                  }
                ],
                "name": "version-cleanup"
              }
            ],
            "storage_account_id": "/subscriptions/99b79efe-ebd6-468c-b39f-5669acb259e1/resourceGroups/04-t1-www/providers/Microsoft.Storage/storageAccounts/wwwstorages4j7",
            "timeouts": null
          },
          "sensitive_attributes": [],
          "identity_schema_version": 0,
          "private": "eyJlMmJmYjczMC1lY2FhLTExZTYtOGY4OC0zNDM2M2JjN2M0YzAiOnsiY3JlYXRlIjoxODAwMDAwMDAwMDAwLCJkZWxldGUiOjE4MDAwMDAwMDAwMDAsInJlYWQiOjMwMDAwMDAwMDAwMCwidXBkYXRlIjoxODAwMDAwMDAwMDAwfX0=",
          "dependencies": [
            "azurerm_resource_group.rg",
            "module.network_central.azurerm_subnet.subnets",
            "module.network_central.azurerm_virtual_network.vnet",
            "module.storage.azurerm_storage_account.www_sa",
            "module.storage.random_string.sa_suffix"
          ]
        }
      ]
    },
    {
      "module": "module.storage",
      "mode": "managed",
      "type": "azurerm_storage_share",
      "name": "share",
      "provider": "provider[\"registry.terraform.io/hashicorp/azurerm\"]",
      "instances": [
        {
          "schema_version": 2,
          "attributes": {
            "access_tier": "Hot",
            "acl": [
              {
                "access_policy": [
                  {
                    "expiry": "2026-12-14T02:45:03Z",
                    "permissions": "rwdl",
                    "start": "2025-12-14T01:45:03Z"
                  }
                ],
                "id": "www-share-access"
              }
            ],
            "enabled_protocol": "SMB",
            "id": "/subscriptions/99b79efe-ebd6-468c-b39f-5669acb259e1/resourceGroups/04-t1-www/providers/Microsoft.Storage/storageAccounts/wwwstorages4j7/fileServices/default/shares/www-share",
            "metadata": {},
            "name": "www-share",
            "quota": 100,
            "resource_manager_id": "/subscriptions/99b79efe-ebd6-468c-b39f-5669acb259e1/resourceGroups/04-t1-www/providers/Microsoft.Storage/storageAccounts/wwwstorages4j7/fileServices/default/shares/www-share",
            "storage_account_id": "/subscriptions/99b79efe-ebd6-468c-b39f-5669acb259e1/resourceGroups/04-t1-www/providers/Microsoft.Storage/storageAccounts/wwwstorages4j7",
            "storage_account_name": "",
            "timeouts": null,
            "url": "https://wwwstorages4j7.file.core.windows.net/www-share"
          },
          "sensitive_attributes": [],
          "identity_schema_version": 0,
          "private": "eyJlMmJmYjczMC1lY2FhLTExZTYtOGY4OC0zNDM2M2JjN2M0YzAiOnsiY3JlYXRlIjoxODAwMDAwMDAwMDAwLCJkZWxldGUiOjE4MDAwMDAwMDAwMDAsInJlYWQiOjMwMDAwMDAwMDAwMCwidXBkYXRlIjoxODAwMDAwMDAwMDAwfSwic2NoZW1hX3ZlcnNpb24iOiIyIn0=",
          "dependencies": [
            "azurerm_resource_group.rg",
            "module.network_central.azurerm_subnet.subnets",
            "module.network_central.azurerm_virtual_network.vnet",
            "module.storage.azurerm_storage_account.www_sa",
            "module.storage.random_string.sa_suffix"
          ]
        }
      ]
    },
    {
      "module": "module.storage",
      "mode": "managed",
      "type": "random_string",
      "name": "premium_sa_suffix",
      "provider": "provider[\"registry.terraform.io/hashicorp/random\"]",
      "instances": [
        {
          "schema_version": 2,
          "attributes": {
            "id": "zjlkue",
            "keepers": null,
            "length": 6,
            "lower": true,
            "min_lower": 0,
            "min_numeric": 0,
            "min_special": 0,
            "min_upper": 0,
            "number": true,
            "numeric": true,
            "override_special": null,
            "result": "zjlkue",
            "special": false,
            "upper": false
          },
          "sensitive_attributes": [],
          "identity_schema_version": 0
        }
      ]
    },
    {
      "module": "module.storage",
      "mode": "managed",
      "type": "random_string",
      "name": "sa_suffix",
      "provider": "provider[\"registry.terraform.io/hashicorp/random\"]",
      "instances": [
        {
          "schema_version": 2,
          "attributes": {
            "id": "s4j7",
            "keepers": null,
            "length": 4,
            "lower": true,
            "min_lower": 0,
            "min_numeric": 0,
            "min_special": 0,
            "min_upper": 0,
            "number": true,
            "numeric": true,
            "override_special": null,
            "result": "s4j7",
            "special": false,
            "upper": false
          },
          "sensitive_attributes": [],
          "identity_schema_version": 0
        }
      ]
    }
  ],
  "check_results": null
}
