{
  "version": 4,
  "terraform_version": "1.13.5",
  "serial": 1055,
  "lineage": "3d09b426-3520-aab1-863c-a45dc81503fd",
  "outputs": {
    "frontdoor_endpoint_hostname": {
      "value": "www-fd-endpoint-z98qcz-hyaydbg5gydufdah.a02.azurefd.net",
      "type": "string"
    },
    "frontdoor_validation_tokens": {
      "value": {
        "apex_token": "_fi7zn0mxex2ow1ii7dubyk1ohyg9q2r",
        "www_token": "_6wcq6jd75m1byvsp1qfusigot0945mj"
      },
      "type": [
        "object",
        {
          "apex_token": "string",
          "www_token": "string"
        }
      ],
      "sensitive": true
    },
    "key_vault_name": {
      "value": "www-kv-7e7f667e",
      "type": "string"
    },
    "mysql_host": {
      "value": "www-mysql-server-d5gm.mysql.database.azure.com",
      "type": "string"
    },
    "redis_host": {
      "value": "www-redis-cache-iw0l.redis.cache.windows.net",
      "type": "string"
    },
    "resource_group": {
      "value": "04-t1-www-rg",
      "type": "string"
    },
    "traffic_manager_url": {
      "value": "http://www-tm-g3brsl.trafficmanager.net",
      "type": "string"
    },
    "web_service_url": {
      "value": "https://www.04www.cloud/",
      "type": "string"
    }
  },
  "resources": [
    {
      "mode": "managed",
      "type": "azurerm_resource_group",
      "name": "rg",
      "provider": "provider[\"registry.terraform.io/hashicorp/azurerm\"]",
      "instances": [
        {
          "schema_version": 0,
          "attributes": {
            "id": "/subscriptions/99b79efe-ebd6-468c-b39f-5669acb259e1/resourceGroups/04-t1-www-rg",
            "location": "koreacentral",
            "managed_by": "",
            "name": "04-t1-www-rg",
            "tags": {
              "Environment": "Production",
              "ManagedBy": "Terraform",
              "Purpose": "Main-Resource-Group"
            },
            "timeouts": null
          },
          "sensitive_attributes": [],
          "identity_schema_version": 0,
          "identity": {
            "name": "04-t1-www-rg",
            "subscription_id": "99b79efe-ebd6-468c-b39f-5669acb259e1"
          },
          "private": "eyJlMmJmYjczMC1lY2FhLTExZTYtOGY4OC0zNDM2M2JjN2M0YzAiOnsiY3JlYXRlIjo1NDAwMDAwMDAwMDAwLCJkZWxldGUiOjU0MDAwMDAwMDAwMDAsInJlYWQiOjMwMDAwMDAwMDAwMCwidXBkYXRlIjo1NDAwMDAwMDAwMDAwfX0="
        }
      ]
    },
    {
      "mode": "managed",
      "type": "azurerm_subnet_network_security_group_association",
      "name": "appgw_nsg_assoc",
      "provider": "provider[\"registry.terraform.io/hashicorp/azurerm\"]",
      "instances": [
        {
          "schema_version": 0,
          "attributes": {
            "id": "/subscriptions/99b79efe-ebd6-468c-b39f-5669acb259e1/resourceGroups/04-t1-www-rg/providers/Microsoft.Network/virtualNetworks/vnet0/subnets/www-appgw",
            "network_security_group_id": "/subscriptions/99b79efe-ebd6-468c-b39f-5669acb259e1/resourceGroups/04-t1-www-rg/providers/Microsoft.Network/networkSecurityGroups/www-nsg-appgw",
            "subnet_id": "/subscriptions/99b79efe-ebd6-468c-b39f-5669acb259e1/resourceGroups/04-t1-www-rg/providers/Microsoft.Network/virtualNetworks/vnet0/subnets/www-appgw",
            "timeouts": null
          },
          "sensitive_attributes": [],
          "identity_schema_version": 0,
          "private": "eyJlMmJmYjczMC1lY2FhLTExZTYtOGY4OC0zNDM2M2JjN2M0YzAiOnsiY3JlYXRlIjoxODAwMDAwMDAwMDAwLCJkZWxldGUiOjE4MDAwMDAwMDAwMDAsInJlYWQiOjMwMDAwMDAwMDAwMH19",
          "dependencies": [
            "azurerm_resource_group.rg",
            "module.network_central.azurerm_subnet.subnets",
            "module.network_central.azurerm_virtual_network.vnet",
            "module.security.azurerm_network_security_group.nsg_appgw"
          ]
        }
      ]
    },
    {
      "mode": "managed",
      "type": "azurerm_subnet_network_security_group_association",
      "name": "db_nsg_assoc",
      "provider": "provider[\"registry.terraform.io/hashicorp/azurerm\"]",
      "instances": [
        {
          "schema_version": 0,
          "attributes": {
            "id": "/subscriptions/99b79efe-ebd6-468c-b39f-5669acb259e1/resourceGroups/04-t1-www-rg/providers/Microsoft.Network/virtualNetworks/vnet0/subnets/www-db",
            "network_security_group_id": "/subscriptions/99b79efe-ebd6-468c-b39f-5669acb259e1/resourceGroups/04-t1-www-rg/providers/Microsoft.Network/networkSecurityGroups/www-nsg-db",
            "subnet_id": "/subscriptions/99b79efe-ebd6-468c-b39f-5669acb259e1/resourceGroups/04-t1-www-rg/providers/Microsoft.Network/virtualNetworks/vnet0/subnets/www-db",
            "timeouts": null
          },
          "sensitive_attributes": [],
          "identity_schema_version": 0,
          "private": "eyJlMmJmYjczMC1lY2FhLTExZTYtOGY4OC0zNDM2M2JjN2M0YzAiOnsiY3JlYXRlIjoxODAwMDAwMDAwMDAwLCJkZWxldGUiOjE4MDAwMDAwMDAwMDAsInJlYWQiOjMwMDAwMDAwMDAwMH19",
          "dependencies": [
            "azurerm_resource_group.rg",
            "module.network_central.azurerm_subnet.subnets",
            "module.network_central.azurerm_virtual_network.vnet",
            "module.security.azurerm_network_security_group.nsg_db"
          ]
        }
      ]
    },
    {
      "mode": "managed",
      "type": "azurerm_subnet_network_security_group_association",
      "name": "hub_bastion_nsg_assoc",
      "provider": "provider[\"registry.terraform.io/hashicorp/azurerm\"]",
      "instances": [
        {
          "schema_version": 0,
          "attributes": {
            "id": "/subscriptions/99b79efe-ebd6-468c-b39f-5669acb259e1/resourceGroups/04-t1-www-rg/providers/Microsoft.Network/virtualNetworks/hub-vnet/subnets/AzureBastionSubnet",
            "network_security_group_id": "/subscriptions/99b79efe-ebd6-468c-b39f-5669acb259e1/resourceGroups/04-t1-www-rg/providers/Microsoft.Network/networkSecurityGroups/hub-nsg-bastion",
            "subnet_id": "/subscriptions/99b79efe-ebd6-468c-b39f-5669acb259e1/resourceGroups/04-t1-www-rg/providers/Microsoft.Network/virtualNetworks/hub-vnet/subnets/AzureBastionSubnet",
            "timeouts": null
          },
          "sensitive_attributes": [],
          "identity_schema_version": 0,
          "private": "eyJlMmJmYjczMC1lY2FhLTExZTYtOGY4OC0zNDM2M2JjN2M0YzAiOnsiY3JlYXRlIjoxODAwMDAwMDAwMDAwLCJkZWxldGUiOjE4MDAwMDAwMDAwMDAsInJlYWQiOjMwMDAwMDAwMDAwMH19",
          "dependencies": [
            "azurerm_resource_group.rg",
            "module.hub.azurerm_subnet.bastion_subnet",
            "module.hub.azurerm_virtual_network.hub_vnet",
            "module.security.azurerm_network_security_group.nsg_hub_bastion"
          ]
        }
      ]
    },
    {
      "mode": "managed",
      "type": "azurerm_subnet_network_security_group_association",
      "name": "storage_nsg_assoc",
      "provider": "provider[\"registry.terraform.io/hashicorp/azurerm\"]",
      "instances": [
        {
          "schema_version": 0,
          "attributes": {
            "id": "/subscriptions/99b79efe-ebd6-468c-b39f-5669acb259e1/resourceGroups/04-t1-www-rg/providers/Microsoft.Network/virtualNetworks/vnet0/subnets/www-stor",
            "network_security_group_id": "/subscriptions/99b79efe-ebd6-468c-b39f-5669acb259e1/resourceGroups/04-t1-www-rg/providers/Microsoft.Network/networkSecurityGroups/www-nsg-db",
            "subnet_id": "/subscriptions/99b79efe-ebd6-468c-b39f-5669acb259e1/resourceGroups/04-t1-www-rg/providers/Microsoft.Network/virtualNetworks/vnet0/subnets/www-stor",
            "timeouts": null
          },
          "sensitive_attributes": [],
          "identity_schema_version": 0,
          "private": "eyJlMmJmYjczMC1lY2FhLTExZTYtOGY4OC0zNDM2M2JjN2M0YzAiOnsiY3JlYXRlIjoxODAwMDAwMDAwMDAwLCJkZWxldGUiOjE4MDAwMDAwMDAwMDAsInJlYWQiOjMwMDAwMDAwMDAwMH19",
          "dependencies": [
            "azurerm_resource_group.rg",
            "module.network_central.azurerm_subnet.subnets",
            "module.network_central.azurerm_virtual_network.vnet",
            "module.security.azurerm_network_security_group.nsg_db"
          ]
        }
      ]
    },
    {
      "mode": "managed",
      "type": "azurerm_subnet_network_security_group_association",
      "name": "vmss_nsg_assoc",
      "provider": "provider[\"registry.terraform.io/hashicorp/azurerm\"]",
      "instances": [
        {
          "schema_version": 0,
          "attributes": {
            "id": "/subscriptions/99b79efe-ebd6-468c-b39f-5669acb259e1/resourceGroups/04-t1-www-rg/providers/Microsoft.Network/virtualNetworks/vnet0/subnets/www-vmss",
            "network_security_group_id": "/subscriptions/99b79efe-ebd6-468c-b39f-5669acb259e1/resourceGroups/04-t1-www-rg/providers/Microsoft.Network/networkSecurityGroups/www-nsg-http",
            "subnet_id": "/subscriptions/99b79efe-ebd6-468c-b39f-5669acb259e1/resourceGroups/04-t1-www-rg/providers/Microsoft.Network/virtualNetworks/vnet0/subnets/www-vmss",
            "timeouts": null
          },
          "sensitive_attributes": [],
          "identity_schema_version": 0,
          "private": "eyJlMmJmYjczMC1lY2FhLTExZTYtOGY4OC0zNDM2M2JjN2M0YzAiOnsiY3JlYXRlIjoxODAwMDAwMDAwMDAwLCJkZWxldGUiOjE4MDAwMDAwMDAwMDAsInJlYWQiOjMwMDAwMDAwMDAwMH19",
          "dependencies": [
            "azurerm_resource_group.rg",
            "module.network_central.azurerm_subnet.subnets",
            "module.network_central.azurerm_virtual_network.vnet",
            "module.security.azurerm_network_security_group.nsg_http"
          ]
        }
      ]
    },
    {
      "mode": "managed",
      "type": "azurerm_subnet_network_security_group_association",
      "name": "was_nsg_assoc",
      "provider": "provider[\"registry.terraform.io/hashicorp/azurerm\"]",
      "instances": [
        {
          "schema_version": 0,
          "attributes": {
            "id": "/subscriptions/99b79efe-ebd6-468c-b39f-5669acb259e1/resourceGroups/04-t1-www-rg/providers/Microsoft.Network/virtualNetworks/vnet0/subnets/www-was",
            "network_security_group_id": "/subscriptions/99b79efe-ebd6-468c-b39f-5669acb259e1/resourceGroups/04-t1-www-rg/providers/Microsoft.Network/networkSecurityGroups/www-nsg-http",
            "subnet_id": "/subscriptions/99b79efe-ebd6-468c-b39f-5669acb259e1/resourceGroups/04-t1-www-rg/providers/Microsoft.Network/virtualNetworks/vnet0/subnets/www-was",
            "timeouts": null
          },
          "sensitive_attributes": [],
          "identity_schema_version": 0,
          "private": "eyJlMmJmYjczMC1lY2FhLTExZTYtOGY4OC0zNDM2M2JjN2M0YzAiOnsiY3JlYXRlIjoxODAwMDAwMDAwMDAwLCJkZWxldGUiOjE4MDAwMDAwMDAwMDAsInJlYWQiOjMwMDAwMDAwMDAwMH19",
          "dependencies": [
            "azurerm_resource_group.rg",
            "module.network_central.azurerm_subnet.subnets",
            "module.network_central.azurerm_virtual_network.vnet",
            "module.security.azurerm_network_security_group.nsg_http"
          ]
        }
      ]
    },
    {
      "mode": "managed",
      "type": "azurerm_subnet_network_security_group_association",
      "name": "web_nsg_assoc",
      "provider": "provider[\"registry.terraform.io/hashicorp/azurerm\"]",
      "instances": [
        {
          "schema_version": 0,
          "attributes": {
            "id": "/subscriptions/99b79efe-ebd6-468c-b39f-5669acb259e1/resourceGroups/04-t1-www-rg/providers/Microsoft.Network/virtualNetworks/vnet0/subnets/www-web",
            "network_security_group_id": "/subscriptions/99b79efe-ebd6-468c-b39f-5669acb259e1/resourceGroups/04-t1-www-rg/providers/Microsoft.Network/networkSecurityGroups/www-nsg-http",
            "subnet_id": "/subscriptions/99b79efe-ebd6-468c-b39f-5669acb259e1/resourceGroups/04-t1-www-rg/providers/Microsoft.Network/virtualNetworks/vnet0/subnets/www-web",
            "timeouts": null
          },
          "sensitive_attributes": [],
          "identity_schema_version": 0,
          "private": "eyJlMmJmYjczMC1lY2FhLTExZTYtOGY4OC0zNDM2M2JjN2M0YzAiOnsiY3JlYXRlIjoxODAwMDAwMDAwMDAwLCJkZWxldGUiOjE4MDAwMDAwMDAwMDAsInJlYWQiOjMwMDAwMDAwMDAwMH19",
          "dependencies": [
            "azurerm_resource_group.rg",
            "module.network_central.azurerm_subnet.subnets",
            "module.network_central.azurerm_virtual_network.vnet",
            "module.security.azurerm_network_security_group.nsg_http"
          ]
        }
      ]
    },
    {
      "mode": "managed",
      "type": "azurerm_virtual_network_peering",
      "name": "hub_to_spoke",
      "provider": "provider[\"registry.terraform.io/hashicorp/azurerm\"]",
      "instances": [
        {
          "schema_version": 0,
          "attributes": {
            "allow_forwarded_traffic": true,
            "allow_gateway_transit": true,
            "allow_virtual_network_access": true,
            "id": "/subscriptions/99b79efe-ebd6-468c-b39f-5669acb259e1/resourceGroups/04-t1-www-rg/providers/Microsoft.Network/virtualNetworks/hub-vnet/virtualNetworkPeerings/hub-to-spoke",
            "local_subnet_names": [],
            "name": "hub-to-spoke",
            "only_ipv6_peering_enabled": false,
            "peer_complete_virtual_networks_enabled": true,
            "remote_subnet_names": [],
            "remote_virtual_network_id": "/subscriptions/99b79efe-ebd6-468c-b39f-5669acb259e1/resourceGroups/04-t1-www-rg/providers/Microsoft.Network/virtualNetworks/vnet0",
            "resource_group_name": "04-t1-www-rg",
            "timeouts": null,
            "triggers": null,
            "use_remote_gateways": false,
            "virtual_network_name": "hub-vnet"
          },
          "sensitive_attributes": [],
          "identity_schema_version": 0,
          "private": "eyJlMmJmYjczMC1lY2FhLTExZTYtOGY4OC0zNDM2M2JjN2M0YzAiOnsiY3JlYXRlIjoxODAwMDAwMDAwMDAwLCJkZWxldGUiOjE4MDAwMDAwMDAwMDAsInJlYWQiOjMwMDAwMDAwMDAwMCwidXBkYXRlIjoxODAwMDAwMDAwMDAwfX0=",
          "dependencies": [
            "azurerm_resource_group.rg",
            "module.database.azurerm_mysql_flexible_server.www_mysql",
            "module.database.azurerm_private_dns_zone.mysql_dns_zone",
            "module.database.azurerm_private_endpoint.mysql_pe",
            "module.database.random_string.mysql_suffix",
            "module.edge.azurerm_cdn_frontdoor_endpoint.www_fd_endpoint",
            "module.edge.azurerm_cdn_frontdoor_profile.www_cdn",
            "module.edge.random_string.cdn_suffix",
            "module.hub.azurerm_virtual_network.hub_vnet",
            "module.identity.azurerm_user_assigned_identity.appgw_identity",
            "module.network_central.azurerm_application_gateway.appgw",
            "module.network_central.azurerm_lb.cross_region_lb",
            "module.network_central.azurerm_lb.vmss_lb",
            "module.network_central.azurerm_lb.was_lb",
            "module.network_central.azurerm_lb_backend_address_pool.bpepool",
            "module.network_central.azurerm_lb_backend_address_pool.global_backend",
            "module.network_central.azurerm_lb_backend_address_pool.was_backend_pool",
            "module.network_central.azurerm_lb_nat_pool.ssh_nat_pool",
            "module.network_central.azurerm_lb_probe.vmss_probe",
            "module.network_central.azurerm_lb_probe.was_probe",
            "module.network_central.azurerm_lb_rule.vmss_lb_rule",
            "module.network_central.azurerm_lb_rule.was_lb_rule",
            "module.network_central.azurerm_monitor_diagnostic_setting.appgw_diag",
            "module.network_central.azurerm_monitor_diagnostic_setting.appgw_pip_diag",
            "module.network_central.azurerm_monitor_diagnostic_setting.lb_diag",
            "module.network_central.azurerm_monitor_diagnostic_setting.lb_pip_diag",
            "module.network_central.azurerm_monitor_diagnostic_setting.was_lb_diag",
            "module.network_central.azurerm_nat_gateway.nat_gw",
            "module.network_central.azurerm_nat_gateway_public_ip_association.nat_pip_assoc",
            "module.network_central.azurerm_network_ddos_protection_plan.main",
            "module.network_central.azurerm_public_ip.appgw_pip",
            "module.network_central.azurerm_public_ip.cross_region_lb_pip",
            "module.network_central.azurerm_public_ip.lb_pip",
            "module.network_central.azurerm_public_ip.nat_pip",
            "module.network_central.azurerm_role_assignment.appgw_identity_kv_user",
            "module.network_central.azurerm_role_assignment.tf_runner_kv_secret_user",
            "module.network_central.azurerm_subnet.subnets",
            "module.network_central.azurerm_subnet_nat_gateway_association.nat_subnet_assoc",
            "module.network_central.azurerm_subnet_nat_gateway_association.nat_vmss_assoc",
            "module.network_central.azurerm_subnet_nat_gateway_association.nat_was_assoc",
            "module.network_central.azurerm_subnet_nat_gateway_association.nat_web_assoc",
            "module.network_central.azurerm_traffic_manager_azure_endpoint.www_tm_endpoint_primary",
            "module.network_central.azurerm_traffic_manager_profile.www_tm",
            "module.network_central.azurerm_virtual_network.vnet",
            "module.network_central.azurerm_virtual_network_peering.spoke_to_hub",
            "module.network_central.data.azurerm_client_config.current",
            "module.network_central.data.azurerm_key_vault.appgw_kv",
            "module.network_central.data.azurerm_key_vault_secret.ssl_cert_secret",
            "module.network_central.random_string.tm_suffix",
            "module.security.azurerm_key_vault.kv",
            "module.security.azurerm_log_analytics_workspace.law",
            "module.security.data.azurerm_client_config.current",
            "module.security.data.http.my_ip",
            "module.security.random_id.kv"
          ]
        }
      ]
    },
    {
      "module": "module.api_management",
      "mode": "managed",
      "type": "azurerm_api_management",
      "name": "main",
      "provider": "provider[\"registry.terraform.io/hashicorp/azurerm\"]",
      "instances": [
        {
          "schema_version": 0,
          "attributes": {
            "additional_location": [],
            "certificate": [],
            "client_certificate_enabled": false,
            "delegation": [
              {
                "subscriptions_enabled": false,
                "url": "",
                "user_registration_enabled": false,
                "validation_key": ""
              }
            ],
            "developer_portal_url": "https://www-apim.developer.azure-api.net",
            "gateway_disabled": false,
            "gateway_regional_url": "https://www-apim-koreacentral-01.regional.azure-api.net",
            "gateway_url": "https://www-apim.azure-api.net",
            "hostname_configuration": [
              {
                "developer_portal": [],
                "management": [],
                "portal": [],
                "proxy": [
                  {
                    "certificate": "",
                    "certificate_password": "",
                    "certificate_source": "BuiltIn",
                    "certificate_status": "",
                    "default_ssl_binding": true,
                    "expiry": "",
                    "host_name": "www-apim.azure-api.net",
                    "key_vault_certificate_id": "",
                    "key_vault_id": "",
                    "negotiate_client_certificate": false,
                    "ssl_keyvault_identity_client_id": "",
                    "subject": "",
                    "thumbprint": ""
                  }
                ],
                "scm": []
              }
            ],
            "id": "/subscriptions/99b79efe-ebd6-468c-b39f-5669acb259e1/resourceGroups/04-t1-www-rg/providers/Microsoft.ApiManagement/service/www-apim",
            "identity": [
              {
                "identity_ids": [],
                "principal_id": "1f11a8b4-1fb1-4436-9401-74af9ceceb07",
                "tenant_id": "548e9ef4-b1d5-48fa-b220-59f52d6db511",
                "type": "SystemAssigned"
              }
            ],
            "location": "koreacentral",
            "management_api_url": "https://www-apim.management.azure-api.net",
            "min_api_version": "",
            "name": "www-apim",
            "notification_sender_email": "apimgmt-noreply@mail.windowsazure.com",
            "portal_url": "",
            "private_ip_addresses": [],
            "protocols": [
              {
                "enable_http2": false,
                "http2_enabled": false
              }
            ],
            "public_ip_address_id": "",
            "public_ip_addresses": [
              "4.230.98.52"
            ],
            "public_network_access_enabled": true,
            "publisher_email": "1234enrud@gmail.com",
            "publisher_name": "WordPress Team",
            "resource_group_name": "04-t1-www-rg",
            "scm_url": "https://www-apim.scm.azure-api.net",
            "security": [
              {
                "backend_ssl30_enabled": false,
                "backend_tls10_enabled": false,
                "backend_tls11_enabled": false,
                "enable_backend_ssl30": false,
                "enable_backend_tls10": false,
                "enable_backend_tls11": false,
                "enable_frontend_ssl30": false,
                "enable_frontend_tls10": false,
                "enable_frontend_tls11": false,
                "frontend_ssl30_enabled": false,
                "frontend_tls10_enabled": false,
                "frontend_tls11_enabled": false,
                "tls_ecdhe_ecdsa_with_aes128_cbc_sha_ciphers_enabled": false,
                "tls_ecdhe_ecdsa_with_aes256_cbc_sha_ciphers_enabled": false,
                "tls_ecdhe_rsa_with_aes128_cbc_sha_ciphers_enabled": false,
                "tls_ecdhe_rsa_with_aes256_cbc_sha_ciphers_enabled": false,
                "tls_rsa_with_aes128_cbc_sha256_ciphers_enabled": false,
                "tls_rsa_with_aes128_cbc_sha_ciphers_enabled": false,
                "tls_rsa_with_aes128_gcm_sha256_ciphers_enabled": false,
                "tls_rsa_with_aes256_cbc_sha256_ciphers_enabled": false,
                "tls_rsa_with_aes256_cbc_sha_ciphers_enabled": false,
                "tls_rsa_with_aes256_gcm_sha384_ciphers_enabled": false,
                "triple_des_ciphers_enabled": false
              }
            ],
            "sign_in": [
              {
                "enabled": false
              }
            ],
            "sign_up": [
              {
                "enabled": false,
                "terms_of_service": [
                  {
                    "consent_required": false,
                    "enabled": false,
                    "text": ""
                  }
                ]
              }
            ],
            "sku_name": "Standard_1",
            "tags": {
              "Environment": "Production",
              "ManagedBy": "Terraform",
              "Purpose": "API-Management"
            },
            "tenant_access": [
              {
                "enabled": false,
                "primary_key": "dAE0TBAWRrdZWzBolPYngYbV9zxGdlNicB7mp77VIAV7pezrsvPLasgLMqCWUn/Qmt4c7zJxpJS7OayXLEh+QA==",
                "secondary_key": "FDyLE5jmwN3bs33SiOXx5gUCFDtjspw3EmSf7Ru5jlQ3fX8YlbyuSuOQCuxoAZT5NfYdV2bnn4RtxZmmd6rxdg==",
                "tenant_id": "/tenant/access"
              }
            ],
            "timeouts": null,
            "virtual_network_configuration": [],
            "virtual_network_type": "None",
            "zones": []
          },
          "sensitive_attributes": [
            [
              {
                "type": "get_attr",
                "value": "delegation"
              },
              {
                "type": "index",
                "value": {
                  "value": 0,
                  "type": "number"
                }
              },
              {
                "type": "get_attr",
                "value": "validation_key"
              }
            ],
            [
              {
                "type": "get_attr",
                "value": "hostname_configuration"
              },
              {
                "type": "index",
                "value": {
                  "value": 0,
                  "type": "number"
                }
              },
              {
                "type": "get_attr",
                "value": "proxy"
              },
              {
                "type": "index",
                "value": {
                  "value": 0,
                  "type": "number"
                }
              },
              {
                "type": "get_attr",
                "value": "certificate"
              }
            ],
            [
              {
                "type": "get_attr",
                "value": "hostname_configuration"
              },
              {
                "type": "index",
                "value": {
                  "value": 0,
                  "type": "number"
                }
              },
              {
                "type": "get_attr",
                "value": "proxy"
              },
              {
                "type": "index",
                "value": {
                  "value": 0,
                  "type": "number"
                }
              },
              {
                "type": "get_attr",
                "value": "certificate_password"
              }
            ],
            [
              {
                "type": "get_attr",
                "value": "tenant_access"
              },
              {
                "type": "index",
                "value": {
                  "value": 0,
                  "type": "number"
                }
              },
              {
                "type": "get_attr",
                "value": "primary_key"
              }
            ],
            [
              {
                "type": "get_attr",
                "value": "tenant_access"
              },
              {
                "type": "index",
                "value": {
                  "value": 0,
                  "type": "number"
                }
              },
              {
                "type": "get_attr",
                "value": "secondary_key"
              }
            ]
          ],
          "identity_schema_version": 0,
          "private": "eyJlMmJmYjczMC1lY2FhLTExZTYtOGY4OC0zNDM2M2JjN2M0YzAiOnsiY3JlYXRlIjoxMDgwMDAwMDAwMDAwMCwiZGVsZXRlIjoxMDgwMDAwMDAwMDAwMCwicmVhZCI6MzAwMDAwMDAwMDAwLCJ1cGRhdGUiOjEwODAwMDAwMDAwMDAwfX0=",
          "dependencies": [
            "azurerm_resource_group.rg"
          ]
        }
      ]
    },
    {
      "module": "module.api_management",
      "mode": "managed",
      "type": "azurerm_api_management_api",
      "name": "wordpress",
      "provider": "provider[\"registry.terraform.io/hashicorp/azurerm\"]",
      "instances": [
        {
          "schema_version": 1,
          "attributes": {
            "api_management_name": "www-apim",
            "api_type": "http",
            "contact": [],
            "description": "",
            "display_name": "WordPress REST API",
            "id": "/subscriptions/99b79efe-ebd6-468c-b39f-5669acb259e1/resourceGroups/04-t1-www-rg/providers/Microsoft.ApiManagement/service/www-apim/apis/wordpress-api;rev=1",
            "import": [],
            "is_current": true,
            "is_online": false,
            "license": [],
            "name": "wordpress-api",
            "oauth2_authorization": [],
            "openid_authentication": [],
            "path": "wp-json",
            "protocols": [
              "https"
            ],
            "resource_group_name": "04-t1-www-rg",
            "revision": "1",
            "revision_description": "",
            "service_url": "http://192.168.5.4",
            "source_api_id": null,
            "subscription_key_parameter_names": [
              {
                "header": "Ocp-Apim-Subscription-Key",
                "query": "subscription-key"
              }
            ],
            "subscription_required": false,
            "terms_of_service_url": "",
            "timeouts": null,
            "version": "",
            "version_description": "",
            "version_set_id": ""
          },
          "sensitive_attributes": [],
          "identity_schema_version": 0,
          "private": "eyJlMmJmYjczMC1lY2FhLTExZTYtOGY4OC0zNDM2M2JjN2M0YzAiOnsiY3JlYXRlIjoxODAwMDAwMDAwMDAwLCJkZWxldGUiOjE4MDAwMDAwMDAwMDAsInJlYWQiOjMwMDAwMDAwMDAwMCwidXBkYXRlIjoxODAwMDAwMDAwMDAwfSwic2NoZW1hX3ZlcnNpb24iOiIxIn0=",
          "dependencies": [
            "azurerm_resource_group.rg",
            "module.api_management.azurerm_api_management.main",
            "module.network_central.azurerm_lb.was_lb",
            "module.network_central.azurerm_subnet.subnets",
            "module.network_central.azurerm_virtual_network.vnet"
          ]
        }
      ]
    },
    {
      "module": "module.compute",
      "mode": "managed",
      "type": "azurerm_backup_policy_vm",
      "name": "daily",
      "provider": "provider[\"registry.terraform.io/hashicorp/azurerm\"]",
      "instances": [
        {
          "schema_version": 0,
          "attributes": {
            "backup": [
              {
                "frequency": "Daily",
                "hour_duration": 0,
                "hour_interval": 0,
                "time": "02:00",
                "weekdays": []
              }
            ],
            "id": "/subscriptions/99b79efe-ebd6-468c-b39f-5669acb259e1/resourceGroups/04-t1-www-rg/providers/Microsoft.RecoveryServices/vaults/www-recovery-vault/backupPolicies/daily-backup-policy",
            "instant_restore_resource_group": [],
            "instant_restore_retention_days": 5,
            "name": "daily-backup-policy",
            "policy_type": "V1",
            "recovery_vault_name": "www-recovery-vault",
            "resource_group_name": "04-t1-www-rg",
            "retention_daily": [
              {
                "count": 35
              }
            ],
            "retention_monthly": [
              {
                "count": 12,
                "days": [],
                "include_last_days": false,
                "weekdays": [
                  "Sunday"
                ],
                "weeks": [
                  "First"
                ]
              }
            ],
            "retention_weekly": [
              {
                "count": 12,
                "weekdays": [
                  "Sunday"
                ]
              }
            ],
            "retention_yearly": [
              {
                "count": 7,
                "days": [],
                "include_last_days": false,
                "months": [
                  "January"
                ],
                "weekdays": [
                  "Sunday"
                ],
                "weeks": [
                  "First"
                ]
              }
            ],
            "tiering_policy": [],
            "timeouts": null,
            "timezone": "Korea Standard Time"
          },
          "sensitive_attributes": [],
          "identity_schema_version": 0,
          "private": "eyJlMmJmYjczMC1lY2FhLTExZTYtOGY4OC0zNDM2M2JjN2M0YzAiOnsiY3JlYXRlIjoxODAwMDAwMDAwMDAwLCJkZWxldGUiOjE4MDAwMDAwMDAwMDAsInJlYWQiOjMwMDAwMDAwMDAwMCwidXBkYXRlIjoxODAwMDAwMDAwMDAwfX0=",
          "dependencies": [
            "azurerm_resource_group.rg",
            "module.compute.azurerm_recovery_services_vault.vault"
          ]
        }
      ]
    },
    {
      "module": "module.compute",
      "mode": "managed",
      "type": "azurerm_container_group",
      "name": "aci",
      "provider": "provider[\"registry.terraform.io/hashicorp/azurerm\"]",
      "instances": [
        {
          "schema_version": 0,
          "attributes": {
            "container": [
              {
                "commands": [],
                "cpu": 0.5,
                "cpu_limit": 0,
                "environment_variables": {},
                "image": "mcr.microsoft.com/azuredocs/aci-helloworld",
                "liveness_probe": [],
                "memory": 1.5,
                "memory_limit": 0,
                "name": "www-container",
                "ports": [
                  {
                    "port": 80,
                    "protocol": "TCP"
                  }
                ],
                "readiness_probe": [],
                "secure_environment_variables": {},
                "security": [],
                "volume": []
              }
            ],
            "diagnostics": [],
            "dns_config": [],
            "dns_name_label": "www-aci-3hu4ai",
            "dns_name_label_reuse_policy": "Unsecure",
            "exposed_port": [
              {
                "port": 80,
                "protocol": "TCP"
              }
            ],
            "fqdn": "www-aci-3hu4ai.koreacentral.azurecontainer.io",
            "id": "/subscriptions/99b79efe-ebd6-468c-b39f-5669acb259e1/resourceGroups/04-t1-www-rg/providers/Microsoft.ContainerInstance/containerGroups/www-aci",
            "identity": [],
            "image_registry_credential": [],
            "init_container": [],
            "ip_address": "4.230.113.44",
            "ip_address_type": "Public",
            "key_vault_key_id": null,
            "key_vault_user_assigned_identity_id": null,
            "location": "koreacentral",
            "name": "www-aci",
            "network_profile_id": null,
            "os_type": "Linux",
            "priority": "",
            "resource_group_name": "04-t1-www-rg",
            "restart_policy": "Always",
            "sku": "Standard",
            "subnet_ids": [],
            "tags": {
              "Environment": "Production",
              "ManagedBy": "Terraform",
              "Purpose": "Container-Instance"
            },
            "timeouts": null,
            "zones": []
          },
          "sensitive_attributes": [
            [
              {
                "type": "get_attr",
                "value": "container"
              },
              {
                "type": "index",
                "value": {
                  "value": 0,
                  "type": "number"
                }
              },
              {
                "type": "get_attr",
                "value": "secure_environment_variables"
              }
            ]
          ],
          "identity_schema_version": 0,
          "private": "eyJlMmJmYjczMC1lY2FhLTExZTYtOGY4OC0zNDM2M2JjN2M0YzAiOnsiY3JlYXRlIjozNjAwMDAwMDAwMDAwLCJkZWxldGUiOjE4MDAwMDAwMDAwMDAsInJlYWQiOjMwMDAwMDAwMDAwMCwidXBkYXRlIjoxODAwMDAwMDAwMDAwfX0=",
          "dependencies": [
            "azurerm_resource_group.rg",
            "module.compute.random_string.aci_suffix"
          ]
        }
      ]
    },
    {
      "module": "module.compute",
      "mode": "managed",
      "type": "azurerm_linux_virtual_machine",
      "name": "mail_vm",
      "provider": "provider[\"registry.terraform.io/hashicorp/azurerm\"]",
      "instances": [
        {
          "schema_version": 0,
          "attributes": {
            "additional_capabilities": [],
            "admin_password": null,
            "admin_ssh_key": [
              {
                "public_key": "ssh-rsa AAAAB3NzaC1yc2EAAAADAQABAAACAQC/TlpVUiv5Z/P3mboBl0O/9rKioqT71tOasgqglsOzUNpH4VFl9OlPIWhk3+pKWvzNU+mMZSdsgRPwM1kGqYl3Nx2fnP5D/a/5sNlHgOZajuKgoxvWUmvU8Qd5MBUt0YHWGQCipsZnOeMjTquv/tA0t3zm6CDoMm/QmnHqEQXFeSExvGQ3RKZ5tz1Yy9FKNaAki+TpVbUWTJA95EDOOiPRLFcyv7A1hRxdtrZ/+EJxGnwx6mmx367Wor3oiYK/J1Ju3zX+8ucstTFua/Ka2CCxCOLHzpkRtF1EOHS+eghVh4aNR9V6RVevzQf44HR8FSD/3JppBmymXpnBC93lpab/UtSzG+pvu0NOI7suGUlMZ/M9eT4RhGvMVWyEMhbeUhiKqZd/LbnQ9RjNsp0f5oPVbzUjg4YSymXOs48uQqYhSnvjb3Y6/8dKze1baTIFl8IDfUmTFaLuXeEzv0XxJTEEsXmB3O17bJXHKYhEfSMYb5BoZBmNt3UVeC1N7qfImnbHBFD2PonhsB21Uwn/s8KYuRNEmirJR031TBevTal2BWJzJmH8dOZZF2x0DPYwhr9YyOwT+YRv9VxR/oGXQcoTq4EkzUx53xJqVT64m5XJ+8cMMzXs4PmN0RyydjDsPuWe1pjZ5eYscc492U2n4yNaiH2vOmNMbn5X9dyc4KHb6Q== school\r\n",
                "username": "www"
              },
              {
                "public_key": "ssh-rsa AAAAB3NzaC1yc2EAAAADAQABAAACAQDEQ9S4RS2JUOKiaCaBw4oPlYbCOscuYsk9Zm0h07tIvqzGFwsQcMCYCGUYMyUoWxZU3V8WoxOruBhdn6RJMj+H7E2OAI3pfCqC1H0VflC00fO8K1dkQIqfbfrUgdwZRZbfXg6a2iuD2TTwUjeXw0lwqqK8QvMplbROGZSLf+erIC2aHN60ekHJLXSP3492Vy6RHj07bJiupG8ylsAvV3nKhkR58zrhOvNiOUSvwtOSyvlrnnpj0Zo31defuY5mVrAMfw90sWzt9h5iItFGbQVTagmd2/derktwToxQY0nZEkPPvX3Km4qq3/OdIWhtR940eaePPHmSdgfQ+tt4vA+uRNaIGbCEwmQsMDa7GzsiHDk5EAtrOm6oqT2y590poIVRlkHB4FiPx4zJS/OnTsW1z3P53Tged7gd21bWkFmAjLzTfLGlMKGeF8rxcWDdOkqC4BViA296kBYJ1QE9vpWOq2taam6usTqiD2asc7Ie7/iR28Vw6cVZ2lxU3dh7zJ6IxPl6l7OxLNwUGWIy6L8cGua2OvFtddJL290DDNAXRCGbkg7XRCBl+QwJfkAOdocNCzFtMekw9nQ384mRFajjaE3kMH4rd7C3ty4cLk/9ZLaA7QhUJ0dpTYFSlpn5/V+82/ROU3GkoRgm8qUeO2/mx5SrLQFdtVMdpfdcLj4zFw== home\r\n",
                "username": "www"
              }
            ],
            "admin_username": "www",
            "allow_extension_operations": true,
            "availability_set_id": "",
            "boot_diagnostics": [],
            "bypass_platform_safety_checks_on_user_schedule_enabled": false,
            "capacity_reservation_group_id": "",
            "computer_name": "mail-vm",
            "custom_data": "I2Nsb3VkLWNvbmZpZw0Kd3JpdGVfZmlsZXM6DQogIC0gcGF0aDogL29wdC9tYWlsX3NldHVwLnNoDQogICAgcGVybWlzc2lvbnM6ICcwNzU1Jw0KICAgIGNvbnRlbnQ6IHwNCiAgICAgICMhL2Jpbi9iYXNoDQogICAgICBzZXQgLWUNCiAgICAgIA0KICAgICAgZXhlYyA+ID4odGVlIC92YXIvbG9nL21haWwtc2V0dXAubG9nKSAyPiYxDQogICAgICANCiAgICAgIGxvZygpIHsNCiAgICAgICAgICBlY2hvICJbJChkYXRlICcrJVktJW0tJWQgJUg6JU06JVMnKV0gJDEiDQogICAgICB9DQogICAgICANCiAgICAgIGVycm9yX2hhbmRsZXIoKSB7DQogICAgICAgICAgbG9nICJFUlJPUjogQ29tbWFuZCAnJDInIGZhaWxlZCBvbiBsaW5lICQxIg0KICAgICAgICAgIGV4aXQgMQ0KICAgICAgfQ0KICAgICAgDQogICAgICB0cmFwICdlcnJvcl9oYW5kbGVyICRMSU5FTk8gIiRCQVNIX0NPTU1BTkQiJyBFUlINCiAgICAgIA0KICAgICAgRE9NQUlOPSIwNHd3dy5jbG91ZCINCiAgICAgIEhPU1ROQU1FPSJtYWlsLjA0d3d3LmNsb3VkIg0KICAgICAgDQogICAgICBsb2cgIlN0YXJ0aW5nIE1haWwgU2VydmVyIFNldHVwIg0KICAgICAgDQogICAgICBleHBvcnQgREVCSUFOX0ZST05URU5EPW5vbmludGVyYWN0aXZlDQogICAgICANCiAgICAgICMgUHJldmVudCBhdXRvbWF0aWMgcmVib290IGR1cmluZyBwYWNrYWdlIHVwZ3JhZGVzDQogICAgICBsb2cgIkRpc2FibGluZyBhdXRvbWF0aWMgcmVib290Li4uIg0KICAgICAgbWtkaXIgLXAgL2V0Yy9uZWVkcmVzdGFydC9jb25mLmQNCiAgICAgIGVjaG8gIlwkbnJjb25me3Jlc3RhcnR9ID0gJ2EnOyIgPiAvZXRjL25lZWRyZXN0YXJ0L2NvbmYuZC81MGxvY2FsLmNvbmYNCiAgICAgIGVjaG8gIlwkbnJjb25me2tlcm5lbGhpbnRzfSA9IDA7IiA+PiAvZXRjL25lZWRyZXN0YXJ0L2NvbmYuZC81MGxvY2FsLmNvbmYNCiAgICAgIA0KICAgICAgIyBCYWNrdXAgU1NIIGF1dGhvcml6ZWRfa2V5cyBmb3Igd3d3IHVzZXIgKEF6dXJlIGNyZWF0ZXMgdGhpcyBkdXJpbmcgVk0gcHJvdmlzaW9uaW5nKQ0KICAgICAgU1NIX0JBQ0tVUF9ESVI9Ii9yb290Ly5zc2hfYmFja3VwIg0KICAgICAgaWYgWyAtZCAvaG9tZS93d3cvLnNzaCBdICYmIFsgLWYgL2hvbWUvd3d3Ly5zc2gvYXV0aG9yaXplZF9rZXlzIF07IHRoZW4NCiAgICAgICAgICBsb2cgIkJhY2tpbmcgdXAgd3d3IHVzZXIgU1NIIGtleXMuLi4iDQogICAgICAgICAgbWtkaXIgLXAgIiRTU0hfQkFDS1VQX0RJUiINCiAgICAgICAgICBjcCAtYSAvaG9tZS93d3cvLnNzaCAiJFNTSF9CQUNLVVBfRElSL3d3d19zc2giDQogICAgICBmaQ0KICAgICAgDQogICAgICAjIFdhaXQgZm9yIGFueSBleGlzdGluZyBhcHQvZHBrZyBwcm9jZXNzZXMgdG8gZmluaXNoIChjbG91ZC1pbml0LCB1bmF0dGVuZGVkLXVwZ3JhZGVzLCBldGMuKQ0KICAgICAgd2FpdF9mb3JfYXB0KCkgew0KICAgICAgICAgIGxvY2FsIG1heF93YWl0PTMwMA0KICAgICAgICAgIGxvY2FsIHdhaXRlZD0wDQogICAgICAgICAgd2hpbGUgZnVzZXIgL3Zhci9saWIvZHBrZy9sb2NrLWZyb250ZW5kID4vZGV2L251bGwgMj4mMSB8fCBmdXNlciAvdmFyL2xpYi9hcHQvbGlzdHMvbG9jayA+L2Rldi9udWxsIDI+JjE7IGRvDQogICAgICAgICAgICAgIGlmIFsgJHdhaXRlZCAtZ2UgJG1heF93YWl0IF07IHRoZW4NCiAgICAgICAgICAgICAgICAgIGxvZyAiRVJST1I6IFRpbWVvdXQgd2FpdGluZyBmb3IgYXB0IGxvY2sgYWZ0ZXIgJHttYXhfd2FpdH1zIg0KICAgICAgICAgICAgICAgICAgcmV0dXJuIDENCiAgICAgICAgICAgICAgZmkNCiAgICAgICAgICAgICAgbG9nICJXYWl0aW5nIGZvciBhcHQgbG9jay4uLiAoJHt3YWl0ZWR9cykiDQogICAgICAgICAgICAgIHNsZWVwIDUNCiAgICAgICAgICAgICAgd2FpdGVkPSQoKHdhaXRlZCArIDUpKQ0KICAgICAgICAgIGRvbmUNCiAgICAgICAgICBsb2cgImFwdCBsb2NrIGlzIGZyZWUsIHByb2NlZWRpbmcuLi4iDQogICAgICB9DQogICAgICANCiAgICAgIHdhaXRfZm9yX2FwdA0KICAgICAgDQogICAgICByZXRyeV9jbWQoKSB7DQogICAgICAgICAgbG9jYWwgbj0xDQogICAgICAgICAgbG9jYWwgbWF4PTMNCiAgICAgICAgICBsb2NhbCBkZWxheT01DQogICAgICAgICAgd2hpbGUgdHJ1ZTsgZG8NCiAgICAgICAgICAgICAgIiRAIiAmJiBicmVhayB8fCB7DQogICAgICAgICAgICAgICAgICBpZiBbWyAkbiAtbHQgJG1heCBdXTsgdGhlbg0KICAgICAgICAgICAgICAgICAgICAgICgobisrKSkNCiAgICAgICAgICAgICAgICAgICAgICBsb2cgIkNvbW1hbmQgZmFpbGVkLiBBdHRlbXB0ICRuLyRtYXg6Ig0KICAgICAgICAgICAgICAgICAgICAgIHNsZWVwICRkZWxheTsNCiAgICAgICAgICAgICAgICAgIGVsc2UNCiAgICAgICAgICAgICAgICAgICAgICBsb2cgIlRoZSBjb21tYW5kIGhhcyBmYWlsZWQgYWZ0ZXIgJG4gYXR0ZW1wdHMuIg0KICAgICAgICAgICAgICAgICAgICAgIHJldHVybiAxDQogICAgICAgICAgICAgICAgICBmaQ0KICAgICAgICAgICAgICB9DQogICAgICAgICAgZG9uZQ0KICAgICAgfQ0KICAgICAgDQogICAgICByZXRyeV9jbWQgYXB0LWdldCB1cGRhdGUNCiAgICAgIGxvZyAiVXBncmFkaW5nIHBhY2thZ2VzLi4uIg0KICAgICAgcmV0cnlfY21kIGFwdC1nZXQgdXBncmFkZSAteQ0KICAgICAgDQogICAgICAjIEF6dXJlIENMSSBpcyBub3QgbmVlZGVkIGZvciBMZXQncyBFbmNyeXB0IHNldHVwDQogICAgICANCiAgICAgIGRlYmNvbmYtc2V0LXNlbGVjdGlvbnMgPDw8ICJwb3N0Zml4IHBvc3RmaXgvbWFpbG5hbWUgc3RyaW5nICRIT1NUTkFNRSINCiAgICAgIGRlYmNvbmYtc2V0LXNlbGVjdGlvbnMgPDw8ICJwb3N0Zml4IHBvc3RmaXgvbWFpbl9tYWlsZXJfdHlwZSBzdHJpbmcgJ0ludGVybmV0IFNpdGUnIg0KICAgICAgDQogICAgICBsb2cgIkluc3RhbGxpbmcgcGFja2FnZXMuLi4iDQogICAgICByZXRyeV9jbWQgYXB0LWdldCBpbnN0YWxsIC15IHBvc3RmaXggcG9zdGZpeC1wb2xpY3lkLXNwZi1weXRob24NCiAgICAgIHJldHJ5X2NtZCBhcHQtZ2V0IGluc3RhbGwgLXkgZG92ZWNvdC1jb3JlIGRvdmVjb3QtaW1hcGQgZG92ZWNvdC1wb3AzZCBkb3ZlY290LWxtdHBkIGRvdmVjb3QtbXlzcWwNCiAgICAgIHJldHJ5X2NtZCBhcHQtZ2V0IGluc3RhbGwgLXkgZGVmYXVsdC1teXNxbC1jbGllbnQNCiAgICAgIA0KICAgICAgcG9zdGNvbmYgLWUgIm15aG9zdG5hbWUgPSAkSE9TVE5BTUUiDQogICAgICBwb3N0Y29uZiAtZSAibXlkb21haW4gPSAkRE9NQUlOIg0KICAgICAgcG9zdGNvbmYgLWUgIm15b3JpZ2luID0gXCRteWRvbWFpbiINCiAgICAgIHBvc3Rjb25mIC1lICJteWRlc3RpbmF0aW9uID0gXCRteWhvc3RuYW1lLCBsb2NhbGhvc3QuXCRteWRvbWFpbiwgbG9jYWxob3N0LCBcJG15ZG9tYWluIg0KICAgICAgcG9zdGNvbmYgLWUgImluZXRfaW50ZXJmYWNlcyA9IGFsbCINCiAgICAgIHBvc3Rjb25mIC1lICJpbmV0X3Byb3RvY29scyA9IGlwdjQiDQogICAgICBwb3N0Y29uZiAtZSAiaG9tZV9tYWlsYm94ID0gTWFpbGRpci8iDQogICAgICBwb3N0Y29uZiAtZSAibWFpbGJveF90cmFuc3BvcnQgPSBsbXRwOnVuaXg6cHJpdmF0ZS9kb3ZlY290LWxtdHAiDQogICAgICBwb3N0Y29uZiAtZSAic210cGRfYmFubmVyID0gXCRteWhvc3RuYW1lIEVTTVRQIg0KICAgICAgcG9zdGNvbmYgLWUgInNtdHBkX2hlbG9fcmVxdWlyZWQgPSB5ZXMiDQogICAgICBwb3N0Y29uZiAtZSAic210cGRfaGVsb19yZXN0cmljdGlvbnMgPSBwZXJtaXRfbXluZXR3b3JrcywgcmVqZWN0X2ludmFsaWRfaGVsb19ob3N0bmFtZSINCiAgICAgIHBvc3Rjb25mIC1lICJzbXRwZF9zZW5kZXJfcmVzdHJpY3Rpb25zID0gcGVybWl0X215bmV0d29ya3MsIHJlamVjdF91bmtub3duX3NlbmRlcl9kb21haW4iDQogICAgICBwb3N0Y29uZiAtZSAic210cGRfcmVjaXBpZW50X3Jlc3RyaWN0aW9ucyA9IHBlcm1pdF9zYXNsX2F1dGhlbnRpY2F0ZWQsIHBlcm1pdF9teW5ldHdvcmtzLCByZWplY3RfdW5hdXRoX2Rlc3RpbmF0aW9uIg0KICAgICAgcG9zdGNvbmYgLWUgInNtdHBkX3Nhc2xfYXV0aF9lbmFibGUgPSB5ZXMiDQogICAgICBwb3N0Y29uZiAtZSAic210cGRfc2FzbF90eXBlID0gZG92ZWNvdCINCiAgICAgIHBvc3Rjb25mIC1lICJzbXRwZF9zYXNsX3BhdGggPSBwcml2YXRlL2F1dGgiDQogICAgICBwb3N0Y29uZiAtZSAic210cGRfc2FzbF9zZWN1cml0eV9vcHRpb25zID0gbm9hbm9ueW1vdXMiDQogICAgICBwb3N0Y29uZiAtZSAic210cGRfc2FzbF9sb2NhbF9kb21haW4gPSBcJG15aG9zdG5hbWUiDQogICAgICBwb3N0Y29uZiAtZSAiYnJva2VuX3Nhc2xfYXV0aF9jbGllbnRzID0geWVzIg0KICAgICAgcG9zdGNvbmYgLWUgIm1lc3NhZ2Vfc2l6ZV9saW1pdCA9IDUyNDI4ODAwIg0KICAgICAgcG9zdGNvbmYgLWUgIm1haWxib3hfc2l6ZV9saW1pdCA9IDEwNzM3NDE4MjQiDQogICAgICANCiAgICAgIGNhdCA+IC9ldGMvZG92ZWNvdC9jb25mLmQvMTAtbWFpbC5jb25mIDw8ICdFT0YnDQogICAgICBtYWlsX2xvY2F0aW9uID0gbWFpbGRpcjp+L01haWxkaXINCiAgICAgIG5hbWVzcGFjZSBpbmJveCB7DQogICAgICAgIGluYm94ID0geWVzDQogICAgICB9DQogICAgICBtYWlsX3ByaXZpbGVnZWRfZ3JvdXAgPSBtYWlsDQogICAgICBmaXJzdF92YWxpZF91aWQgPSA1MDANCiAgICAgIGxhc3RfdmFsaWRfdWlkID0gNjU1MzQNCiAgICAgIEVPRg0KICAgICAgDQogICAgICANCiAgICAgIGNhdCA+IC9ldGMvZG92ZWNvdC9jb25mLmQvMTAtYXV0aC5jb25mIDw8ICdFT0YnDQogICAgICBkaXNhYmxlX3BsYWludGV4dF9hdXRoID0gbm8NCiAgICAgIGF1dGhfbWVjaGFuaXNtcyA9IHBsYWluIGxvZ2luDQogICAgICAhaW5jbHVkZSBhdXRoLXN5c3RlbS5jb25mLmV4dA0KICAgICAgRU9GDQogICAgICANCiAgICAgICMgUEFNIOyduOymnSDsgqzsmqkgKExpbnV4IOyLnOyKpO2FnCDsgqzsmqnsnpApDQogICAgICBjYXQgPiAvZXRjL2RvdmVjb3QvY29uZi5kL2F1dGgtc3lzdGVtLmNvbmYuZXh0IDw8ICdFT0YnDQogICAgICBwYXNzZGIgew0KICAgICAgICBkcml2ZXIgPSBwYW0NCiAgICAgIH0NCiAgICAgIHVzZXJkYiB7DQogICAgICAgIGRyaXZlciA9IHBhc3N3ZA0KICAgICAgfQ0KICAgICAgRU9GDQogICAgICANCiAgICAgIGNhdCA+IC9ldGMvZG92ZWNvdC9jb25mLmQvMTAtbWFzdGVyLmNvbmYgPDwgJ0VPRicNCiAgICAgIHNlcnZpY2UgaW1hcC1sb2dpbiB7DQogICAgICAgIGluZXRfbGlzdGVuZXIgaW1hcCB7DQogICAgICAgICAgcG9ydCA9IDE0Mw0KICAgICAgICAgIGFkZHJlc3MgPSAqDQogICAgICAgIH0NCiAgICAgIH0NCiAgICAgIHNlcnZpY2UgcG9wMy1sb2dpbiB7DQogICAgICAgIGluZXRfbGlzdGVuZXIgcG9wMyB7DQogICAgICAgICAgcG9ydCA9IDExMA0KICAgICAgICB9DQogICAgICB9DQogICAgICBzZXJ2aWNlIGxtdHAgew0KICAgICAgICB1bml4X2xpc3RlbmVyIC92YXIvc3Bvb2wvcG9zdGZpeC9wcml2YXRlL2RvdmVjb3QtbG10cCB7DQogICAgICAgICAgbW9kZSA9IDA2MDANCiAgICAgICAgICB1c2VyID0gcG9zdGZpeA0KICAgICAgICAgIGdyb3VwID0gcG9zdGZpeA0KICAgICAgICB9DQogICAgICB9DQogICAgICBzZXJ2aWNlIGF1dGggew0KICAgICAgICB1bml4X2xpc3RlbmVyIC92YXIvc3Bvb2wvcG9zdGZpeC9wcml2YXRlL2F1dGggew0KICAgICAgICAgIG1vZGUgPSAwNjYwDQogICAgICAgICAgdXNlciA9IHBvc3RmaXgNCiAgICAgICAgICBncm91cCA9IHBvc3RmaXgNCiAgICAgICAgfQ0KICAgICAgICB1bml4X2xpc3RlbmVyIGF1dGgtdXNlcmRiIHsNCiAgICAgICAgICBtb2RlID0gMDYwMA0KICAgICAgICAgIHVzZXIgPSBtYWlsDQogICAgICAgIH0NCiAgICAgICAgdXNlciA9IGRvdmVjb3QNCiAgICAgIH0NCiAgICAgIHNlcnZpY2UgYXV0aC13b3JrZXIgew0KICAgICAgICB1c2VyID0gcm9vdA0KICAgICAgfQ0KICAgICAgRU9GDQogICAgICANCiAgICAgICMgTXlTUUzsl5AgbWFpbCDsgqzsmqnsnpAg7YWM7J2067iUIOyDneyEsSDrsI8g642w7J207YSwIElOU0VSVA0KICAgICAgbG9nICJDcmVhdGluZyBNeVNRTCB1c2VycyB0YWJsZSBmb3IgbWFpbCBhdXRoZW50aWNhdGlvbi4uLiINCiAgICAgIG15c3FsIC1oIHd3dy1teXNxbC1zZXJ2ZXItZDVnbS5teXNxbC5kYXRhYmFzZS5henVyZS5jb20gLXUgbWFpbGFkbWluIC1wSXQxMjM0NSEgbWFpbF9kYiA8PCAnU1FMRU9GJyB8fCB0cnVlDQogICAgICBDUkVBVEUgVEFCTEUgSUYgTk9UIEVYSVNUUyB1c2VycyAoDQogICAgICAgICAgaWQgSU5UIEFVVE9fSU5DUkVNRU5UIFBSSU1BUlkgS0VZLA0KICAgICAgICAgIHVzZXJuYW1lIFZBUkNIQVIoMTI4KSBOT1QgTlVMTCBVTklRVUUsDQogICAgICAgICAgcGFzc3dvcmQgVkFSQ0hBUigyNTYpIE5PVCBOVUxMLA0KICAgICAgICAgIGNyZWF0ZWRfYXQgVElNRVNUQU1QIERFRkFVTFQgQ1VSUkVOVF9USU1FU1RBTVANCiAgICAgICk7DQogICAgICBTUUxFT0YNCiAgICAgIA0KICAgICAgIyDsgqzsmqnsnpAg67mE67CA67KI7Zi4IO2VtOyLnCDsg53shLEg67CPIElOU0VSVA0KICAgICAgbG9nICJJbnNlcnRpbmcgbWFpbCB1c2VycyBpbnRvIE15U1FMLi4uIg0KICAgICAgSEFTSEVEX1BBU1M9JChkb3ZlYWRtIHB3IC1zIEJMRi1DUllQVCAtcCAiSXQxMjM0NSEiIDI+L2Rldi9udWxsIHx8IGVjaG8gIntCTEYtQ1JZUFR9JDJ5JDA1JExLZEs4RTdqN1YxdTJ2VzN4WTRFOGVRekExQjJDM0Q0RTVGNkc3SDhJOUowIikNCiAgICAgIA0KICAgICAgZm9yIHVzZXIgaW4gYWRtaW4gd3d3IHVzZXIxIHVzZXIyIHN1cHBvcnQgZ3Vlc3Q7IGRvDQogICAgICAgICAgbXlzcWwgLWggd3d3LW15c3FsLXNlcnZlci1kNWdtLm15c3FsLmRhdGFiYXNlLmF6dXJlLmNvbSAtdSBtYWlsYWRtaW4gLXBJdDEyMzQ1ISBtYWlsX2RiIC1lIFwNCiAgICAgICAgICAgICAgIklOU0VSVCBJR05PUkUgSU5UTyB1c2VycyAodXNlcm5hbWUsIHBhc3N3b3JkKSBWQUxVRVMgKCckdXNlckAwNHd3dy5jbG91ZCcsICckSEFTSEVEX1BBU1MnKTsiIDI+L2Rldi9udWxsIHx8IHRydWUNCiAgICAgIGRvbmUNCiAgICAgIA0KICAgICAgbG9nICJTZXR0aW5nIHVwIExldCdzIEVuY3J5cHQgU1NMLi4uIg0KICAgICAgIyBXYWl0IGZvciBzbmFwZCB0byBiZSByZWFkeQ0KICAgICAgd2hpbGUgISBzbmFwIHZlcnNpb24gMj4vZGV2L251bGw7IGRvDQogICAgICAgICAgbG9nICJXYWl0aW5nIGZvciBzbmFwZC4uLiINCiAgICAgICAgICBzbGVlcCA1DQogICAgICBkb25lDQogICAgICBzbmFwIGluc3RhbGwgY29yZSAyPi9kZXYvbnVsbCB8fCB0cnVlDQogICAgICBzbmFwIHJlZnJlc2ggY29yZSAyPi9kZXYvbnVsbCB8fCB0cnVlDQogICAgICBzbmFwIGluc3RhbGwgLS1jbGFzc2ljIGNlcnRib3QgMj4vZGV2L251bGwgfHwgdHJ1ZQ0KICAgICAgbG4gLXNmIC9zbmFwL2Jpbi9jZXJ0Ym90IC91c3IvYmluL2NlcnRib3QgMj4vZGV2L251bGwgfHwgdHJ1ZQ0KICAgICAgDQogICAgICAjIEVuc3VyZSBDZXJ0Ym90IGlzIHJlYWR5IChmYWxsYmFjayB0byBhcHQgaWYgc25hcCBmYWlscykNCiAgICAgIHJldHJ5X2NtZCBhcHQtZ2V0IGluc3RhbGwgLXkgcHl0aG9uMy1jZXJ0Ym90LWFwYWNoZQ0KICAgICAgDQogICAgICAjIFN0b3AgQXBhY2hlIGJlZm9yZSBjZXJ0Ym90IGV4ZWN1dGlvbiAoanVzdCBpbiBjYXNlLCB0aG91Z2ggLS1hcGFjaGUgcGx1Z2luIGhhbmRsZXMgaXQpDQogICAgICAjIHN5c3RlbWN0bCBzdG9wIGFwYWNoZTIgDQogICAgICANCiAgICAgICMgT2J0YWluIENlcnRpZmljYXRlIChTdGFuZGFsb25lIG9yIFdlYnJvb3Qgbm90IG5lZWRlZCBhcyB3ZSB1c2UgQXBhY2hlIHBsdWdpbiBsYXRlcikNCiAgICAgICMgSG93ZXZlciwgd2UgbmVlZCBBcGFjaGUgcnVubmluZyBmb3IgdGhlIHBsdWdpbj8gTm8sIC0tYXBhY2hlIHVzZXMgQXBhY2hlIGNvbmZpZy4NCiAgICAgICMgV2Ugd2lsbCBydW4gY2VydGJvdCBBRlRFUiBBcGFjaGUgaXMgaW5zdGFsbGVkIGFuZCBjb25maWd1cmVkIHdpdGggSFRUUC4NCiAgICAgIA0KICAgICAgbG9nICJJbnN0YWxsaW5nIFdlYm1haWwgcGFja2FnZXMuLi4iDQogICAgICByZXRyeV9jbWQgYXB0LWdldCBpbnN0YWxsIC15IGFwYWNoZTIgcGhwIGxpYmFwYWNoZTItbW9kLXBocCBwaHAteG1sIHBocC1tYnN0cmluZyBwaHAtaW50bCBwaHAtemlwIHBocC1wZWFyIHBocC1uZXQtc210cCBwaHAtbXlzcWwgcGhwLWdkIHBocC1jdXJsIHBocC1pbWFwDQogICAgICByZXRyeV9jbWQgYXB0LWdldCBpbnN0YWxsIC15IHBocC1zcWxpdGUzIHNxbGl0ZTMNCiAgICAgIHJldHJ5X2NtZCBhcHQtZ2V0IGluc3RhbGwgLXkgcm91bmRjdWJlIHJvdW5kY3ViZS1jb3JlIHJvdW5kY3ViZS1wbHVnaW5zDQogICAgICANCiAgICAgIGNhdCA+IC9ldGMvYXBhY2hlMi9zaXRlcy1hdmFpbGFibGUvbWFpbC5jb25mIDw8ICdFT0YnDQogICAgICA8VmlydHVhbEhvc3QgKjo4MD4NCiAgICAgICAgICBTZXJ2ZXJOYW1lIG1haWwuMDR3d3cuY2xvdWQNCiAgICAgICAgICBSZWRpcmVjdCBwZXJtYW5lbnQgLyBodHRwczovL21haWwuMDR3d3cuY2xvdWQvDQogICAgICA8L1ZpcnR1YWxIb3N0Pg0KICAgICAgDQogICAgICA8VmlydHVhbEhvc3QgKjo0NDM+DQogICAgICAgICAgU2VydmVyTmFtZSBtYWlsLjA0d3d3LmNsb3VkDQogICAgICAgICAgU2VydmVyQWxpYXMgKg0KICAgICAgICAgIFNlcnZlckFkbWluIGFkbWluQDA0d3d3LmNsb3VkDQogICAgICAgICAgRG9jdW1lbnRSb290IC92YXIvbGliL3JvdW5kY3ViZS9wdWJsaWNfaHRtbA0KICAgICAgDQogICAgICAgICAgU1NMRW5naW5lIG9uDQogICAgICAgICAgU1NMQ2VydGlmaWNhdGVGaWxlIC9ldGMvc3NsL2NlcnRzL21haWwuY3J0DQogICAgICAgICAgU1NMQ2VydGlmaWNhdGVLZXlGaWxlIC9ldGMvc3NsL3ByaXZhdGUvbWFpbC5rZXkNCiAgICAgIA0KICAgICAgICAgIDxEaXJlY3RvcnkgL3Zhci9saWIvcm91bmRjdWJlL3B1YmxpY19odG1sPg0KICAgICAgICAgICAgICBPcHRpb25zICtGb2xsb3dTeW1MaW5rcw0KICAgICAgICAgICAgICBBbGxvd092ZXJyaWRlIEFsbA0KICAgICAgICAgICAgICBSZXF1aXJlIGFsbCBncmFudGVkDQogICAgICAgICAgPC9EaXJlY3Rvcnk+DQogICAgICANCiAgICAgICAgICA8RGlyZWN0b3J5IC92YXIvbGliL3JvdW5kY3ViZS9jb25maWc+DQogICAgICAgICAgICAgIE9wdGlvbnMgLUZvbGxvd1N5bUxpbmtzDQogICAgICAgICAgICAgIEFsbG93T3ZlcnJpZGUgTm9uZQ0KICAgICAgICAgICAgICBSZXF1aXJlIGFsbCBkZW5pZWQNCiAgICAgICAgICA8L0RpcmVjdG9yeT4NCiAgICAgIA0KICAgICAgICAgIEVycm9yTG9nICR7QVBBQ0hFX0xPR19ESVJ9L21haWxfZXJyb3IubG9nDQogICAgICAgICAgQ3VzdG9tTG9nICR7QVBBQ0hFX0xPR19ESVJ9L21haWxfYWNjZXNzLmxvZyBjb21iaW5lZA0KICAgICAgPC9WaXJ0dWFsSG9zdD4NCiAgICAgIEVPRg0KICAgICAgDQogICAgICBpZiBbIC1mIC9ldGMvYXBhY2hlMi9zaXRlcy1lbmFibGVkLzAwMC1kZWZhdWx0LmNvbmYgXTsgdGhlbg0KICAgICAgICAgIGEyZGlzc2l0ZSAwMDAtZGVmYXVsdC5jb25mIHx8IHRydWUNCiAgICAgICAgICBybSAtZiAvZXRjL2FwYWNoZTIvc2l0ZXMtZW5hYmxlZC8wMDAtZGVmYXVsdC5jb25mDQogICAgICBmaQ0KICAgICAgDQogICAgICBpZiBbICEgLWYgL2V0Yy9hcGFjaGUyL3NpdGVzLWVuYWJsZWQvbWFpbC5jb25mIF07IHRoZW4NCiAgICAgICAgICBhMmVuc2l0ZSBtYWlsLmNvbmYgfHwgdHJ1ZQ0KICAgICAgZmkNCiAgICAgIA0KICAgICAgYTJlbm1vZCByZXdyaXRlIHNzbCAyPi9kZXYvbnVsbCB8fCB0cnVlDQogICAgICANCiAgICAgIGNhdCA+IC9ldGMvcm91bmRjdWJlL2NvbmZpZy5pbmMucGhwIDw8ICdFT0YnDQogICAgICA8P3BocA0KICAgICAgJGNvbmZpZyA9IFtdOw0KICAgICAgJGNvbmZpZ1snZGJfZHNudyddID0gJ3NxbGl0ZTovLy8vdmFyL2xpYi9yb3VuZGN1YmUvZGIvc3FsaXRlLmRiJzsNCiAgICAgICRjb25maWdbJ2ltYXBfaG9zdCddID0gJ2xvY2FsaG9zdCc7DQogICAgICAkY29uZmlnWydzbXRwX2hvc3QnXSA9ICdsb2NhbGhvc3QnOw0KICAgICAgJGNvbmZpZ1snc210cF9wb3J0J10gPSAyNTsNCiAgICAgICRjb25maWdbJ3NtdHBfdXNlciddID0gJyc7DQogICAgICAkY29uZmlnWydzbXRwX3Bhc3MnXSA9ICcnOw0KICAgICAgJGNvbmZpZ1sncHJvZHVjdF9uYW1lJ10gPSAnMDR3d3cuY2xvdWQgQ2xvdWQgTWFpbCc7DQogICAgICAkY29uZmlnWydzdXBwb3J0X3VybCddID0gJyc7DQogICAgICAkY29uZmlnWydkZXNfa2V5J10gPSAnTWw5eFBjMmtTd1IydlU4VHE1bkZqQWk0JzsNCiAgICAgICRjb25maWdbJ3NraW4nXSA9ICdlbGFzdGljJzsNCiAgICAgICRjb25maWdbJ3NraW5fbG9nbyddID0gbnVsbDsNCiAgICAgICRjb25maWdbJ2xhbmd1YWdlJ10gPSAna29fS1InOw0KICAgICAgJGNvbmZpZ1sndGltZXpvbmUnXSA9ICdBc2lhL1Nlb3VsJzsNCiAgICAgICRjb25maWdbJ3VzZXJuYW1lX2RvbWFpbiddID0gJyc7DQogICAgICAkY29uZmlnWydtYWlsX2RvbWFpbiddID0gJzA0d3d3LmNsb3VkJzsNCiAgICAgICRjb25maWdbJ2RlZmF1bHRfaG9zdCddID0gJ2xvY2FsaG9zdCc7DQogICAgICAkY29uZmlnWydkZWZhdWx0X3BvcnQnXSA9IDE0MzsNCiAgICAgICRjb25maWdbJ2F1dG9fY3JlYXRlX3VzZXInXSA9IHRydWU7DQogICAgICAkY29uZmlnWydtYWlsX3BhZ2VzaXplJ10gPSA1MDsNCiAgICAgICRjb25maWdbJ2xpc3RfY29scyddID0gWyd0aHJlYWRzJywgJ3N1YmplY3QnLCAnZnJvbScsICdkYXRlJywgJ3NpemUnLCAnZmxhZycsICdhdHRhY2htZW50J107DQogICAgICAkY29uZmlnWydtZXNzYWdlX3Nob3dfZW1haWwnXSA9IHRydWU7DQogICAgICAkY29uZmlnWydwcmV2aWV3X3BhbmUnXSA9IHRydWU7DQogICAgICAkY29uZmlnWydwcmVmZXJfaHRtbCddID0gdHJ1ZTsNCiAgICAgICRjb25maWdbJ2h0bWxlZGl0b3InXSA9IDQ7DQogICAgICAkY29uZmlnWydkcmFmdF9hdXRvc2F2ZSddID0gNjA7DQogICAgICAkY29uZmlnWydzaG93X2ltYWdlcyddID0gMTsNCiAgICAgICRjb25maWdbJ3BsdWdpbnMnXSA9IFsnYXJjaGl2ZScsICd6aXBkb3dubG9hZCcsICdlbW90aWNvbnMnLCAnbWFya2FzanVuaycsICduZXdtYWlsX25vdGlmaWVyJ107DQogICAgICAkY29uZmlnWydsb2dpbl9yYXRlX2xpbWl0J10gPSA1Ow0KICAgICAgJGNvbmZpZ1snc2Vzc2lvbl9saWZldGltZSddID0gNjA7DQogICAgICAkY29uZmlnWydpcF9jaGVjayddID0gZmFsc2U7DQogICAgICAkY29uZmlnWydtYXhfbWVzc2FnZV9zaXplJ10gPSAnNTBNJzsNCiAgICAgICRjb25maWdbJ3VwbG9hZF9tYXhfZmlsZXNpemUnXSA9ICc1ME0nOw0KICAgICAgRU9GDQogICAgICANCiAgICAgIG1rZGlyIC1wIC92YXIvbGliL3JvdW5kY3ViZS9kYg0KICAgICAgaWYgWyAhIC1zIC92YXIvbGliL3JvdW5kY3ViZS9kYi9zcWxpdGUuZGIgXTsgdGhlbg0KICAgICAgICAgIGNhdCAvdXNyL3NoYXJlL2RiY29uZmlnLWNvbW1vbi9kYXRhL3JvdW5kY3ViZS9pbnN0YWxsL3NxbGl0ZTMgfCBzcWxpdGUzIC92YXIvbGliL3JvdW5kY3ViZS9kYi9zcWxpdGUuZGIgMj4vZGV2L251bGwgfHwgdHJ1ZQ0KICAgICAgZmkNCiAgICAgIGNob3duIC1SIHd3dy1kYXRhOnd3dy1kYXRhIC92YXIvbGliL3JvdW5kY3ViZS9kYg0KICAgICAgY2htb2QgNzU1IC92YXIvbGliL3JvdW5kY3ViZS9kYg0KICAgICAgY2htb2QgNjQ0IC92YXIvbGliL3JvdW5kY3ViZS9kYi9zcWxpdGUuZGINCiAgICAgIA0KICAgICAgZ2V0ZW50IGdyb3VwIHZtYWlsID4vZGV2L251bGwgfHwgZ3JvdXBhZGQgLWcgNTAwMCB2bWFpbA0KICAgICAgaWQgLXUgdm1haWwgPi9kZXYvbnVsbCAyPiYxIHx8IHVzZXJhZGQgLWcgdm1haWwgLXUgNTAwMCB2bWFpbCAtZCAvaG9tZS92bWFpbA0KICAgICAgbWtkaXIgLXAgL2hvbWUvdm1haWwNCiAgICAgIGNob3duIHZtYWlsOnZtYWlsIC9ob21lL3ZtYWlsDQogICAgICANCiAgICAgIGZvciB1c2VyIGluIGFkbWluIHd3dyB1c2VyMSB1c2VyMiBzdXBwb3J0OyBkbw0KICAgICAgICAgIGlmICEgaWQgIiR1c2VyIiAmPi9kZXYvbnVsbDsgdGhlbg0KICAgICAgICAgICAgICBpZiBnZXRlbnQgZ3JvdXAgIiR1c2VyIiA+L2Rldi9udWxsOyB0aGVuDQogICAgICAgICAgICAgICAgICB1c2VyYWRkIC1tIC1zIC9iaW4vYmFzaCAtZyAiJHVzZXIiICIkdXNlciINCiAgICAgICAgICAgICAgZWxzZQ0KICAgICAgICAgICAgICAgICAgdXNlcmFkZCAtbSAtcyAvYmluL2Jhc2ggIiR1c2VyIg0KICAgICAgICAgICAgICBmaQ0KICAgICAgICAgIGZpDQogICAgICAgICAgZWNobyAiJHVzZXI6SXQxMjM0NSEiIHwgY2hwYXNzd2QNCiAgICAgICAgICANCiAgICAgICAgICBta2RpciAtcCAvaG9tZS8kdXNlci9NYWlsZGlyL3tuZXcsY3VyLHRtcH0NCiAgICAgICAgICBjaG93biAtUiAkdXNlcjokdXNlciAvaG9tZS8kdXNlci9NYWlsZGlyDQogICAgICAgICAgY2htb2QgLVIgNzAwIC9ob21lLyR1c2VyL01haWxkaXINCiAgICAgIGRvbmUNCiAgICAgIA0KICAgICAgZWNobyAibWFpbC4qIC92YXIvbG9nL21haWwubG9nIiA+IC9ldGMvcnN5c2xvZy5kLzUwLW1haWwuY29uZg0KICAgICAgc3lzdGVtY3RsIHJlc3RhcnQgcnN5c2xvZyB8fCB0cnVlDQogICAgICANCiAgICAgIGVjaG8gInd3dyBBTEw9KEFMTCkgTk9QQVNTV0Q6IC91c3Ivc2Jpbi91c2VyYWRkLCAvdXNyL3NiaW4vY2hwYXNzd2QsIC9iaW4vbWtkaXIsIC9iaW4vY2hvd24sIC9iaW4vY2htb2QiID4gL2V0Yy9zdWRvZXJzLmQvd3d3LW1haWwNCiAgICAgIGNobW9kIDQ0MCAvZXRjL3N1ZG9lcnMuZC93d3ctbWFpbA0KICAgICAgDQogICAgICBta2RpciAtcCAvdmFyL2xpYi9yb3VuZGN1YmUvc2tpbnMvZWxhc3RpYy9zdHlsZXMNCiAgICAgIGNhdCA+IC92YXIvbGliL3JvdW5kY3ViZS9za2lucy9lbGFzdGljL3N0eWxlcy9kYXJrLWN1c3RvbS5jc3MgPDwgJ0NTUycNCiAgICAgIDpyb290IHsNCiAgICAgICAgICAtLW1haW4tYmc6ICMwYTBhMGEgIWltcG9ydGFudDsNCiAgICAgICAgICAtLWxheW91dC1oZWFkZXItYmc6ICMxMjEyMTIgIWltcG9ydGFudDsNCiAgICAgICAgICAtLWxheW91dC1zaWRlYmFyLWJnOiAjMGYwZjBmICFpbXBvcnRhbnQ7DQogICAgICAgICAgLS1sYXlvdXQtY29udGVudC1iZzogIzBhMGEwYSAhaW1wb3J0YW50Ow0KICAgICAgICAgIC0tbGlzdC1iZzogIzEyMTIxMiAhaW1wb3J0YW50Ow0KICAgICAgICAgIC0tbGlzdC1zZWxlY3RlZC1iZzogIzFhMWEyZSAhaW1wb3J0YW50Ow0KICAgICAgICAgIC0tbGlzdC1ob3Zlci1iZzogIzFlMWUxZSAhaW1wb3J0YW50Ow0KICAgICAgICAgIC0tcHJpbWFyeS1jb2xvcjogIzY2N2VlYSAhaW1wb3J0YW50Ow0KICAgICAgICAgIC0tbGluay1jb2xvcjogIzhiOWNmNCAhaW1wb3J0YW50Ow0KICAgICAgICAgIC0tYm9yZGVyLWNvbG9yOiAjMmEyYTJhICFpbXBvcnRhbnQ7DQogICAgICB9DQogICAgICAvKiAuLi4gQ1NTIGNvbnRlbnQgdHJ1bmNhdGVkIGZvciBicmV2aXR5IGJ1dCBwcmVzdW1lZCBzYW1lIC4uLiAqLw0KICAgICAgQ1NTDQogICAgICANCiAgICAgIGNoZ3JwIHNoYWRvdyAvZXRjL3NoYWRvdyAyPi9kZXYvbnVsbCB8fCB0cnVlDQogICAgICBjaG1vZCBnK3IgL2V0Yy9zaGFkb3cgMj4vZGV2L251bGwgfHwgdHJ1ZQ0KICAgICAgdXNlcm1vZCAtYUcgc2hhZG93IGRvdmVjb3QgMj4vZGV2L251bGwgfHwgdHJ1ZQ0KICAgICAgDQogICAgICBsb2cgIlJlc3RhcnRpbmcgc2VydmljZXMiDQogICAgICBsb2cgIkdlbmVyYXRpbmcgc2VsZi1zaWduZWQgY2VydGlmaWNhdGUgZm9yIGluaXRpYWwgQXBhY2hlIHN0YXJ0Li4uIg0KICAgICAgbWtkaXIgLXAgL2V0Yy9zc2wvcHJpdmF0ZSAvZXRjL3NzbC9jZXJ0cw0KICAgICAgb3BlbnNzbCByZXEgLXg1MDkgLW5vZGVzIC1kYXlzIDM2NSAtbmV3a2V5IHJzYToyMDQ4IC1rZXlvdXQgL2V0Yy9zc2wvcHJpdmF0ZS9tYWlsLmtleSAtb3V0IC9ldGMvc3NsL2NlcnRzL21haWwuY3J0IC1zdWJqICIvQz1LUi9TVD1TZW91bC9MPVNlb3VsL089Q2xvdWQvQ049bWFpbC4wNHd3dy5jbG91ZCIgMj4vZGV2L251bGwgfHwgdHJ1ZQ0KICAgICAgY2htb2QgNjAwIC9ldGMvc3NsL3ByaXZhdGUvbWFpbC5rZXkNCiAgICAgIGNobW9kIDY0NCAvZXRjL3NzbC9jZXJ0cy9tYWlsLmNydA0KICAgICAgDQogICAgICBzeXN0ZW1jdGwgcmVzdGFydCBwb3N0Zml4DQogICAgICBzeXN0ZW1jdGwgcmVzdGFydCBkb3ZlY290DQogICAgICBzeXN0ZW1jdGwgcmVzdGFydCBhcGFjaGUyDQogICAgICBzeXN0ZW1jdGwgZW5hYmxlIHBvc3RmaXggZG92ZWNvdCBhcGFjaGUyDQogICAgICANCiAgICAgIHVmdyBhbGxvdyAyNS90Y3AgMj4vZGV2L251bGwgfHwgdHJ1ZQ0KICAgICAgdWZ3IGFsbG93IDExMC90Y3AgMj4vZGV2L251bGwgfHwgdHJ1ZQ0KICAgICAgdWZ3IGFsbG93IDE0My90Y3AgMj4vZGV2L251bGwgfHwgdHJ1ZQ0KICAgICAgdWZ3IGFsbG93IDgwL3RjcCAyPi9kZXYvbnVsbCB8fCB0cnVlDQogICAgICB1ZncgYWxsb3cgNDQzL3RjcCAyPi9kZXYvbnVsbCB8fCB0cnVlDQogICAgICANCiAgICAgIGxvZyAiUnVubmluZyBDZXJ0Ym90IGZvciBIVFRQUy4uLiINCiAgICAgICMgVHJ5IExldCdzIEVuY3J5cHQgZmlyc3QsIGZhbGxiYWNrIHRvIFplcm9TU0wgaWYgcmF0ZSBsaW1pdGVkDQogICAgICBpZiAhIGNlcnRib3QgLS1hcGFjaGUgLWQgbWFpbC4wNHd3dy5jbG91ZCAtLW5vbi1pbnRlcmFjdGl2ZSAtLWFncmVlLXRvcyAtbSBhZG1pbkAwNHd3dy5jbG91ZCAtLXJlZGlyZWN0IDI+L2Rldi9udWxsOyB0aGVuDQogICAgICAgICAgbG9nICJDZXJ0Ym90IGZhaWxlZCAocG9zc2libHkgcmF0ZSBsaW1pdGVkKS4gVHJ5aW5nIGFjbWUuc2ggd2l0aCBaZXJvU1NMLi4uIg0KICAgICAgICAgIA0KICAgICAgICAgICMgSW5zdGFsbCBhY21lLnNoIGlmIG5vdCBwcmVzZW50DQogICAgICAgICAgaWYgWyAhIC1mIC8uYWNtZS5zaC9hY21lLnNoIF07IHRoZW4NCiAgICAgICAgICAgICAgY3VybCAtcyBodHRwczovL2dldC5hY21lLnNoIHwgc2ggLXMgZW1haWw9YWRtaW5AMDR3d3cuY2xvdWQNCiAgICAgICAgICBmaQ0KICAgICAgICAgIA0KICAgICAgICAgICMgUmVnaXN0ZXIgd2l0aCBaZXJvU1NMDQogICAgICAgICAgLy5hY21lLnNoL2FjbWUuc2ggLS1yZWdpc3Rlci1hY2NvdW50IC1tIGFkbWluQDA0d3d3LmNsb3VkIC0tc2VydmVyIHplcm9zc2wgMj4vZGV2L251bGwgfHwgdHJ1ZQ0KICAgICAgICAgIA0KICAgICAgICAgICMgSXNzdWUgY2VydGlmaWNhdGUgdXNpbmcgd2Vicm9vdA0KICAgICAgICAgIGlmIC8uYWNtZS5zaC9hY21lLnNoIC0taXNzdWUgLWQgbWFpbC4wNHd3dy5jbG91ZCAtLXdlYnJvb3QgL3Zhci9saWIvcm91bmRjdWJlL3B1YmxpY19odG1sIC0tc2VydmVyIHplcm9zc2wgLS1mb3JjZSAyPi9kZXYvbnVsbDsgdGhlbg0KICAgICAgICAgICAgICAjIEluc3RhbGwgY2VydGlmaWNhdGUNCiAgICAgICAgICAgICAgLy5hY21lLnNoL2FjbWUuc2ggLS1pbnN0YWxsLWNlcnQgLWQgbWFpbC4wNHd3dy5jbG91ZCBcDQogICAgICAgICAgICAgICAgICAtLWNlcnQtZmlsZSAvZXRjL3NzbC9jZXJ0cy9tYWlsLmNydCBcDQogICAgICAgICAgICAgICAgICAtLWtleS1maWxlIC9ldGMvc3NsL3ByaXZhdGUvbWFpbC5rZXkgXA0KICAgICAgICAgICAgICAgICAgLS1mdWxsY2hhaW4tZmlsZSAvZXRjL3NzbC9jZXJ0cy9tYWlsLWZ1bGxjaGFpbi5jcnQgXA0KICAgICAgICAgICAgICAgICAgLS1yZWxvYWRjbWQgInN5c3RlbWN0bCByZWxvYWQgYXBhY2hlMiIgMj4vZGV2L251bGwNCiAgICAgICAgICAgICAgDQogICAgICAgICAgICAgICMgVXBkYXRlIEFwYWNoZSBjb25maWcgdG8gdXNlIGZ1bGxjaGFpbg0KICAgICAgICAgICAgICBzZWQgLWkgJ3N8U1NMQ2VydGlmaWNhdGVGaWxlLip8U1NMQ2VydGlmaWNhdGVGaWxlIC9ldGMvc3NsL2NlcnRzL21haWwtZnVsbGNoYWluLmNydHxnJyAvZXRjL2FwYWNoZTIvc2l0ZXMtYXZhaWxhYmxlL21haWwuY29uZg0KICAgICAgICAgICAgICBzZWQgLWkgJ3N8U1NMQ2VydGlmaWNhdGVLZXlGaWxlLip8U1NMQ2VydGlmaWNhdGVLZXlGaWxlIC9ldGMvc3NsL3ByaXZhdGUvbWFpbC5rZXl8ZycgL2V0Yy9hcGFjaGUyL3NpdGVzLWF2YWlsYWJsZS9tYWlsLmNvbmYNCiAgICAgICAgICAgICAgc3lzdGVtY3RsIHJlbG9hZCBhcGFjaGUyDQogICAgICAgICAgICAgIGxvZyAiWmVyb1NTTCBjZXJ0aWZpY2F0ZSBpbnN0YWxsZWQgc3VjY2Vzc2Z1bGx5Ig0KICAgICAgICAgIGVsc2UNCiAgICAgICAgICAgICAgbG9nICJXQVJOSU5HOiBCb3RoIENlcnRib3QgYW5kIGFjbWUuc2ggZmFpbGVkLiBVc2luZyBzZWxmLXNpZ25lZCBjZXJ0aWZpY2F0ZS4iDQogICAgICAgICAgZmkNCiAgICAgIGZpDQogICAgICANCiAgICAgICMgVnVsbmVyYWJsZSBBY2NvdW50IGZvciBCcnV0ZSBGb3JjZSBUcmFpbmluZw0KICAgICAgdXNlcmFkZCAtbSAtcyAvYmluL2Jhc2ggZ3Vlc3QgfHwgdHJ1ZQ0KICAgICAgZWNobyAiZ3Vlc3Q6Z3Vlc3QiIHwgY2hwYXNzd2QNCiAgICAgIG1rZGlyIC1wIC9ob21lL2d1ZXN0L01haWxkaXIve25ldyxjdXIsdG1wfQ0KICAgICAgY2hvd24gLVIgZ3Vlc3Q6Z3Vlc3QgL2hvbWUvZ3Vlc3QvTWFpbGRpcg0KICAgICAgY2htb2QgLVIgNzAwIC9ob21lL2d1ZXN0L01haWxkaXINCiAgICAgIA0KICAgICAgIyBGYWlsMkJhbiBJbnN0YWxsYXRpb24gKERJU0FCTEVEIGZvciBCcnV0ZSBGb3JjZSBUcmFpbmluZykNCiAgICAgICMgVG8gZW5hYmxlIHByb3RlY3Rpb246IHN5c3RlbWN0bCBzdGFydCBmYWlsMmJhbg0KICAgICAgcmV0cnlfY21kIGFwdC1nZXQgaW5zdGFsbCAteSBmYWlsMmJhbg0KICAgICAgDQogICAgICBjYXQgPiAvZXRjL2ZhaWwyYmFuL2phaWwubG9jYWwgPDwgJ0VPRicNCiAgICAgIFtERUZBVUxUXQ0KICAgICAgYmFudGltZSAgPSAxaA0KICAgICAgZmluZHRpbWUgPSAxMG0NCiAgICAgIG1heHJldHJ5ID0gNQ0KICAgICAgaWdub3JlaXAgPSAxMjcuMC4wLjEvOCA6OjENCiAgICAgIA0KICAgICAgW3NzaGRdDQogICAgICBlbmFibGVkID0gdHJ1ZQ0KICAgICAgcG9ydCAgICA9IHNzaA0KICAgICAgbG9ncGF0aCA9ICUoc3NoZF9sb2cpcw0KICAgICAgYmFja2VuZCA9ICUoc3NoZF9iYWNrZW5kKXMNCiAgICAgIA0KICAgICAgW3Bvc3RmaXgtc2FzbF0NCiAgICAgIGVuYWJsZWQgPSB0cnVlDQogICAgICBwb3J0ICAgID0gc210cCw1ODcsc3VibWlzc2lvbg0KICAgICAgZmlsdGVyICA9IHBvc3RmaXhbbW9kZT1hdXRoXQ0KICAgICAgbG9ncGF0aCA9IC92YXIvbG9nL21haWwubG9nDQogICAgICANCiAgICAgIFtkb3ZlY290XQ0KICAgICAgZW5hYmxlZCA9IHRydWUNCiAgICAgIHBvcnQgICAgPSBwb3AzLHBvcDNzLGltYXAsaW1hcHMsc3VibWlzc2lvbiw0MTkwDQogICAgICBmaWx0ZXIgID0gZG92ZWNvdA0KICAgICAgbG9ncGF0aCA9IC92YXIvbG9nL21haWwubG9nDQogICAgICBFT0YNCiAgICAgIA0KICAgICAgIyBFeHBsaWNpdGx5IGRpc2FibGUgZmFpbDJiYW4gZm9yIHRyYWluaW5nIHNjZW5hcmlvcw0KICAgICAgc3lzdGVtY3RsIHN0b3AgZmFpbDJiYW4NCiAgICAgIHN5c3RlbWN0bCBkaXNhYmxlIGZhaWwyYmFuDQogICAgICANCiAgICAgICMgSW5zdGFsbCBOdSBTaGVsbCBmb3IgaW1wcm92ZWQgc2hlbGwgZXhwZXJpZW5jZSAoaWRlbXBvdGVudCkNCiAgICAgIGlmIFsgISAtZiAvdXNyL2xvY2FsL2Jpbi9udSBdOyB0aGVuDQogICAgICAgICAgbG9nICJJbnN0YWxsaW5nIE51IFNoZWxsLi4uIg0KICAgICAgICAgIGN1cmwgLUwgaHR0cHM6Ly9naXRodWIuY29tL251c2hlbGwvbnVzaGVsbC9yZWxlYXNlcy9kb3dubG9hZC8wLjg4LjEvbnUtMC44OC4xLXg4Nl82NC11bmtub3duLWxpbnV4LW11c2wudGFyLmd6IC1vIC90bXAvbnUudGFyLmd6DQogICAgICAgICAgdGFyIC14emYgL3RtcC9udS50YXIuZ3ogLUMgL3RtcA0KICAgICAgICAgIG12IC90bXAvbnUtMC44OC4xLXg4Nl82NC11bmtub3duLWxpbnV4LW11c2wvbnUgL3Vzci9sb2NhbC9iaW4vbnUNCiAgICAgICAgICBjaG1vZCAreCAvdXNyL2xvY2FsL2Jpbi9udQ0KICAgICAgICAgIHJtIC1yZiAvdG1wL251LnRhci5neiAvdG1wL251LTAuODguMS14ODZfNjQtdW5rbm93bi1saW51eC1tdXNsDQogICAgICBlbHNlDQogICAgICAgICAgbG9nICJOdSBTaGVsbCBhbHJlYWR5IGluc3RhbGxlZCwgc2tpcHBpbmcgZG93bmxvYWQiDQogICAgICBmaQ0KICAgICAgZ3JlcCAtcSAiL3Vzci9sb2NhbC9iaW4vbnUiIC9ldGMvc2hlbGxzIHx8IGVjaG8gIi91c3IvbG9jYWwvYmluL251IiA+PiAvZXRjL3NoZWxscw0KICAgICAgIyBBbHdheXMgZm9yY2UgTnUgU2hlbGwgZm9yIHd3dyB1c2VyDQogICAgICBjaHNoIC1zIC91c3IvbG9jYWwvYmluL251IHd3dyAyPi9kZXYvbnVsbCB8fCB0cnVlDQogICAgICBsb2cgIlNldCB3d3cgdXNlciBzaGVsbCB0byBOdSBTaGVsbCINCiAgICAgIA0KICAgICAgIyBDb25maWd1cmUgTnUgU2hlbGwgZm9yIHd3dyB1c2VyIChpZGVtcG90ZW50KQ0KICAgICAgbWtkaXIgLXAgL2hvbWUvd3d3Ly5jb25maWcvbnVzaGVsbA0KICAgICAgY2F0IDw8J05VQ09ORklHJyA+IC9ob21lL3d3dy8uY29uZmlnL251c2hlbGwvY29uZmlnLm51DQogICAgICAjIE51IFNoZWxsIENvbmZpZ3VyYXRpb24NCiAgICAgICRlbnYuY29uZmlnID0gew0KICAgICAgICAgIHNob3dfYmFubmVyOiBmYWxzZQ0KICAgICAgfQ0KICAgICAgTlVDT05GSUcNCiAgICAgIA0KICAgICAgY2F0IDw8J05VRU5WJyA+IC9ob21lL3d3dy8uY29uZmlnL251c2hlbGwvZW52Lm51DQogICAgICAjIE51IFNoZWxsIEVudmlyb25tZW50DQogICAgICAkZW52LlBST01QVF9DT01NQU5EID0ge3x8DQogICAgICAgICAgbGV0IGhvc3RuYW1lID0gKGhvc3RuYW1lIHwgc3RyIHRyaW0pDQogICAgICAgICAgbGV0IHBhdGggPSAocHdkIHwgcGF0aCBiYXNlbmFtZSkNCiAgICAgICAgICAkIigkaG9zdG5hbWUpOigkcGF0aCk+ICINCiAgICAgIH0NCiAgICAgICRlbnYuUFJPTVBUX0lORElDQVRPUiA9ICIiDQogICAgICBOVUVOVg0KICAgICAgDQogICAgICBjaG93biAtUiB3d3c6d3d3IC9ob21lL3d3dy8uY29uZmlnL251c2hlbGwNCiAgICAgIGxvZyAiTnUgU2hlbGwgaW5zdGFsbGVkIHN1Y2Nlc3NmdWxseSB3aXRoIGN1c3RvbSBwcm9tcHQiDQogICAgICANCiAgICAgICMgUmVzdG9yZSBTU0ggYXV0aG9yaXplZF9rZXlzIGZvciB3d3cgdXNlciAoaWYgYmFja3VwIGV4aXN0cykNCiAgICAgIFNTSF9CQUNLVVBfRElSPSIvcm9vdC8uc3NoX2JhY2t1cCINCiAgICAgIGlmIFsgLWQgIiRTU0hfQkFDS1VQX0RJUi93d3dfc3NoIiBdOyB0aGVuDQogICAgICAgICAgbG9nICJSZXN0b3Jpbmcgd3d3IHVzZXIgU1NIIGtleXMgZnJvbSBiYWNrdXAuLi4iDQogICAgICAgICAgbWtkaXIgLXAgL2hvbWUvd3d3Ly5zc2gNCiAgICAgICAgICBjcCAtYSAiJFNTSF9CQUNLVVBfRElSL3d3d19zc2gvIiogL2hvbWUvd3d3Ly5zc2gvIDI+L2Rldi9udWxsIHx8IHRydWUNCiAgICAgICAgICBjaG93biAtUiB3d3c6d3d3IC9ob21lL3d3dy8uc3NoDQogICAgICAgICAgY2htb2QgNzAwIC9ob21lL3d3dy8uc3NoDQogICAgICAgICAgY2htb2QgNjAwIC9ob21lL3d3dy8uc3NoL2F1dGhvcml6ZWRfa2V5cyAyPi9kZXYvbnVsbCB8fCB0cnVlDQogICAgICBmaQ0KICAgICAgDQogICAgICBsb2cgIk1haWwgU2VydmVyIFNldHVwIENvbXBsZXRlIg0KICAgICAgZWNobyAiIg0KICAgICAgZWNobyAiPT09PT09PT09PT09PT09PT09PT09PT09PT09PT09PT09PT09PT09PT0iDQogICAgICBlY2hvICIgIDA0d3d3LmNsb3VkIENsb3VkIE1haWwgU2VydmVyIg0KICAgICAgZWNobyAiPT09PT09PT09PT09PT09PT09PT09PT09PT09PT09PT09PT09PT09PT0iDQogICAgICBlY2hvICJXZWJtYWlsIFVSTCAgIDogaHR0cHM6Ly9tYWlsLjA0d3d3LmNsb3VkLyINCiAgICAgIGVjaG8gIiINCiAgICAgIGVjaG8gIkFjY291bnRzIChQYXNzd29yZDogSXQxMjM0NSEpOiINCiAgICAgIGVjaG8gIiAgLSBhZG1pbkAwNHd3dy5jbG91ZCINCiAgICAgIGVjaG8gIiAgLSB3d3dAMDR3d3cuY2xvdWQiDQogICAgICBlY2hvICIgIC0gdXNlcjFAMDR3d3cuY2xvdWQiDQogICAgICBlY2hvICIgIC0gdXNlcjJAMDR3d3cuY2xvdWQiICANCiAgICAgIGVjaG8gIiAgLSBzdXBwb3J0QDA0d3d3LmNsb3VkIg0KICAgICAgZWNobyAiICAtIGd1ZXN0QDA0d3d3LmNsb3VkIg0KICAgICAgZWNobyAiIg0KICAgICAgZWNobyAiVGhlbWU6IERhcmsgTW9kZSAoRWxhc3RpYykiDQogICAgICBlY2hvICI9PT09PT09PT09PT09PT09PT09PT09PT09PT09PT09PT09PT09PT09PSINCiAgICAgIA0KICAgICAgDQpydW5jbWQ6DQogIC0gL29wdC9tYWlsX3NldHVwLnNoDQo=",
            "dedicated_host_group_id": "",
            "dedicated_host_id": "",
            "disable_password_authentication": true,
            "disk_controller_type": "SCSI",
            "edge_zone": "",
            "encryption_at_host_enabled": false,
            "eviction_policy": "",
            "extensions_time_budget": "PT1H30M",
            "gallery_application": [],
            "id": "/subscriptions/99b79efe-ebd6-468c-b39f-5669acb259e1/resourceGroups/04-t1-www-rg/providers/Microsoft.Compute/virtualMachines/mail-vm",
            "identity": [
              {
                "identity_ids": [],
                "principal_id": "51027265-384d-4391-9d5f-8b17d107e79e",
                "tenant_id": "548e9ef4-b1d5-48fa-b220-59f52d6db511",
                "type": "SystemAssigned"
              }
            ],
            "license_type": "",
            "location": "koreacentral",
            "max_bid_price": -1,
            "name": "mail-vm",
            "network_interface_ids": [
              "/subscriptions/99b79efe-ebd6-468c-b39f-5669acb259e1/resourceGroups/04-t1-www-rg/providers/Microsoft.Network/networkInterfaces/mail-nic"
            ],
            "os_disk": [
              {
                "caching": "ReadWrite",
                "diff_disk_settings": [],
                "disk_encryption_set_id": "",
                "disk_size_gb": 30,
                "id": "/subscriptions/99b79efe-ebd6-468c-b39f-5669acb259e1/resourceGroups/04-t1-www-rg/providers/Microsoft.Compute/disks/mail-vm_OsDisk_1_0f4f0ba1b55d4846bc6dd537cab55762",
                "name": "mail-vm_OsDisk_1_0f4f0ba1b55d4846bc6dd537cab55762",
                "secure_vm_disk_encryption_set_id": "",
                "security_encryption_type": "",
                "storage_account_type": "Standard_LRS",
                "write_accelerator_enabled": false
              }
            ],
            "os_image_notification": [],
            "os_managed_disk_id": "/subscriptions/99b79efe-ebd6-468c-b39f-5669acb259e1/resourceGroups/04-t1-www-rg/providers/Microsoft.Compute/disks/mail-vm_OsDisk_1_0f4f0ba1b55d4846bc6dd537cab55762",
            "patch_assessment_mode": "ImageDefault",
            "patch_mode": "ImageDefault",
            "plan": [],
            "platform_fault_domain": -1,
            "priority": "Regular",
            "private_ip_address": "192.168.5.5",
            "private_ip_addresses": [
              "192.168.5.5"
            ],
            "provision_vm_agent": true,
            "proximity_placement_group_id": "",
            "public_ip_address": "20.196.153.165",
            "public_ip_addresses": [
              "20.196.153.165"
            ],
            "reboot_setting": "",
            "resource_group_name": "04-t1-www-rg",
            "secret": [],
            "secure_boot_enabled": false,
            "size": "Standard_B2s",
            "source_image_id": "",
            "source_image_reference": [
              {
                "offer": "0001-com-ubuntu-server-jammy",
                "publisher": "Canonical",
                "sku": "22_04-lts-gen2",
                "version": "latest"
              }
            ],
            "tags": {
              "Service": "Mail Server"
            },
            "termination_notification": [],
            "timeouts": null,
            "user_data": "",
            "virtual_machine_id": "7443fc79-2796-4669-84d2-ca250aa10f9d",
            "virtual_machine_scale_set_id": "",
            "vm_agent_platform_updates_enabled": false,
            "vtpm_enabled": false,
            "zone": "1"
          },
          "sensitive_attributes": [
            [
              {
                "type": "get_attr",
                "value": "admin_password"
              }
            ],
            [
              {
                "type": "get_attr",
                "value": "custom_data"
              }
            ]
          ],
          "identity_schema_version": 0,
          "private": "eyJlMmJmYjczMC1lY2FhLTExZTYtOGY4OC0zNDM2M2JjN2M0YzAiOnsiY3JlYXRlIjoyNzAwMDAwMDAwMDAwLCJkZWxldGUiOjI3MDAwMDAwMDAwMDAsInJlYWQiOjMwMDAwMDAwMDAwMCwidXBkYXRlIjoyNzAwMDAwMDAwMDAwfX0=",
          "dependencies": [
            "azurerm_resource_group.rg",
            "module.compute.azurerm_network_interface.mail_nic",
            "module.compute.azurerm_public_ip.mail_pip",
            "module.database.azurerm_mysql_flexible_server.www_mysql",
            "module.database.random_string.mysql_suffix",
            "module.network_central.azurerm_subnet.subnets",
            "module.network_central.azurerm_virtual_network.vnet",
            "module.security.azurerm_key_vault.kv",
            "module.security.data.azurerm_client_config.current",
            "module.security.data.http.my_ip",
            "module.security.random_id.kv"
          ]
        }
      ]
    },
    {
      "module": "module.compute",
      "mode": "managed",
      "type": "azurerm_linux_virtual_machine_scale_set",
      "name": "vmss",
      "provider": "provider[\"registry.terraform.io/hashicorp/azurerm\"]",
      "instances": [
        {
          "schema_version": 0,
          "attributes": {
            "additional_capabilities": [],
            "admin_password": "It12345!",
            "admin_ssh_key": [
              {
                "public_key": "ssh-rsa AAAAB3NzaC1yc2EAAAADAQABAAACAQC/TlpVUiv5Z/P3mboBl0O/9rKioqT71tOasgqglsOzUNpH4VFl9OlPIWhk3+pKWvzNU+mMZSdsgRPwM1kGqYl3Nx2fnP5D/a/5sNlHgOZajuKgoxvWUmvU8Qd5MBUt0YHWGQCipsZnOeMjTquv/tA0t3zm6CDoMm/QmnHqEQXFeSExvGQ3RKZ5tz1Yy9FKNaAki+TpVbUWTJA95EDOOiPRLFcyv7A1hRxdtrZ/+EJxGnwx6mmx367Wor3oiYK/J1Ju3zX+8ucstTFua/Ka2CCxCOLHzpkRtF1EOHS+eghVh4aNR9V6RVevzQf44HR8FSD/3JppBmymXpnBC93lpab/UtSzG+pvu0NOI7suGUlMZ/M9eT4RhGvMVWyEMhbeUhiKqZd/LbnQ9RjNsp0f5oPVbzUjg4YSymXOs48uQqYhSnvjb3Y6/8dKze1baTIFl8IDfUmTFaLuXeEzv0XxJTEEsXmB3O17bJXHKYhEfSMYb5BoZBmNt3UVeC1N7qfImnbHBFD2PonhsB21Uwn/s8KYuRNEmirJR031TBevTal2BWJzJmH8dOZZF2x0DPYwhr9YyOwT+YRv9VxR/oGXQcoTq4EkzUx53xJqVT64m5XJ+8cMMzXs4PmN0RyydjDsPuWe1pjZ5eYscc492U2n4yNaiH2vOmNMbn5X9dyc4KHb6Q== school\r\n",
                "username": "www"
              },
              {
                "public_key": "ssh-rsa AAAAB3NzaC1yc2EAAAADAQABAAACAQDEQ9S4RS2JUOKiaCaBw4oPlYbCOscuYsk9Zm0h07tIvqzGFwsQcMCYCGUYMyUoWxZU3V8WoxOruBhdn6RJMj+H7E2OAI3pfCqC1H0VflC00fO8K1dkQIqfbfrUgdwZRZbfXg6a2iuD2TTwUjeXw0lwqqK8QvMplbROGZSLf+erIC2aHN60ekHJLXSP3492Vy6RHj07bJiupG8ylsAvV3nKhkR58zrhOvNiOUSvwtOSyvlrnnpj0Zo31defuY5mVrAMfw90sWzt9h5iItFGbQVTagmd2/derktwToxQY0nZEkPPvX3Km4qq3/OdIWhtR940eaePPHmSdgfQ+tt4vA+uRNaIGbCEwmQsMDa7GzsiHDk5EAtrOm6oqT2y590poIVRlkHB4FiPx4zJS/OnTsW1z3P53Tged7gd21bWkFmAjLzTfLGlMKGeF8rxcWDdOkqC4BViA296kBYJ1QE9vpWOq2taam6usTqiD2asc7Ie7/iR28Vw6cVZ2lxU3dh7zJ6IxPl6l7OxLNwUGWIy6L8cGua2OvFtddJL290DDNAXRCGbkg7XRCBl+QwJfkAOdocNCzFtMekw9nQ384mRFajjaE3kMH4rd7C3ty4cLk/9ZLaA7QhUJ0dpTYFSlpn5/V+82/ROU3GkoRgm8qUeO2/mx5SrLQFdtVMdpfdcLj4zFw== home\r\n",
                "username": "www"
              }
            ],
            "admin_username": "www",
            "automatic_instance_repair": [
              {
                "action": "",
                "enabled": true,
                "grace_period": "PT30M"
              }
            ],
            "automatic_os_upgrade_policy": [
              {
                "disable_automatic_rollback": false,
                "enable_automatic_os_upgrade": false
              }
            ],
            "boot_diagnostics": [],
            "capacity_reservation_group_id": "",
            "computer_name_prefix": "web-vmss",
            "custom_data": null,
            "data_disk": [],
            "disable_password_authentication": false,
            "do_not_run_extensions_on_overprovisioned_machines": false,
            "edge_zone": "",
            "encryption_at_host_enabled": false,
            "eviction_policy": "",
            "extension": [
              {
                "auto_upgrade_minor_version": true,
                "automatic_upgrade_enabled": false,
                "force_update_tag": "",
                "name": "WebInitScript",
                "protected_settings": "{\"script\":\"IyEvYmluL2Jhc2gKIyBXZWIgVk1TUyBJbml0aWFsaXphdGlvbiBTY3JpcHQKIyBUZXJyYWZvcm0gVmFyaWFibGVzOiAxOTIuMTY4LjUuNCwgODY3YjMxZGItMDA0Zi00ODA2LWE0ZTAtY2NlYmY4ZDA4NGE1CgpzZXQgLWUKCmV4ZWMgPiA+KHRlZSAtYSAiL3Zhci9sb2cvd2ViX2luaXQubG9nIikgMj4mMQoKbG9nKCkgewogICAgZWNobyAiWyQoZGF0ZSAnKyVZLSVtLSVkICVIOiVNOiVTJyldICQxIgp9CgplcnJvcl9oYW5kbGVyKCkgewogICAgbG9nICJFUlJPUjogQ29tbWFuZCAnJDInIGZhaWxlZCBvbiBsaW5lICQxIgogICAgZXhpdCAxCn0KCnRyYXAgJ2Vycm9yX2hhbmRsZXIgJExJTkVOTyAiJEJBU0hfQ09NTUFORCInIEVSUgoKbG9nICJTdGFydGluZyBXZWIgR2F0ZXdheSBJbml0aWFsaXphdGlvbiIKCmVjaG8gIjg2N2IzMWRiLTAwNGYtNDgwNi1hNGUwLWNjZWJmOGQwODRhNSIgPiAvZXRjL2x1cGFuZ19hcHBfaW5zaWdodHNfa2V5CmNobW9kIDYwMCAvZXRjL2x1cGFuZ19hcHBfaW5zaWdodHNfa2V5CgpzZXRlbmZvcmNlIDAgfHwgdHJ1ZQpzZWQgLWkgJ3MvU0VMSU5VWD1lbmZvcmNpbmcvU0VMSU5VWD1kaXNhYmxlZC9nJyAvZXRjL3NlbGludXgvY29uZmlnIHx8IHRydWUKCmxvZyAiSW5zdGFsbGluZyBmaXJld2FsbGQuLi4iCmRuZiBpbnN0YWxsIC15IGZpcmV3YWxsZCB8fCB0cnVlCnN5c3RlbWN0bCBlbmFibGUgZmlyZXdhbGxkIHx8IHRydWUKc3lzdGVtY3RsIHN0YXJ0IGZpcmV3YWxsZCB8fCB0cnVlCmZpcmV3YWxsLWNtZCAtLXpvbmU9cHVibGljIC0tYWRkLXNlcnZpY2U9aHR0cCAtLXBlcm1hbmVudCB8fCB0cnVlCmZpcmV3YWxsLWNtZCAtLXpvbmU9cHVibGljIC0tYWRkLXNlcnZpY2U9aHR0cHMgLS1wZXJtYW5lbnQgfHwgdHJ1ZQpmaXJld2FsbC1jbWQgLS16b25lPXB1YmxpYyAtLWFkZC1zZXJ2aWNlPXNzaCAtLXBlcm1hbmVudCB8fCB0cnVlCmZpcmV3YWxsLWNtZCAtLXJlbG9hZCB8fCB0cnVlCgpsb2cgIkluc3RhbGxpbmcgcGFja2FnZXMuLi4iCmRuZiBpbnN0YWxsIC15IG5naW54IHJlZGlzIG15c3FsCgpsb2cgIkluc3RhbGxpbmcgQXp1cmUgQ0xJLi4uIgpycG0gLS1pbXBvcnQgaHR0cHM6Ly9wYWNrYWdlcy5taWNyb3NvZnQuY29tL2tleXMvbWljcm9zb2Z0LmFzYwpkbmYgaW5zdGFsbCAteSBodHRwczovL3BhY2thZ2VzLm1pY3Jvc29mdC5jb20vY29uZmlnL3JoZWwvOS4wL3BhY2thZ2VzLW1pY3Jvc29mdC1wcm9kLnJwbSB8fCB0cnVlCmRuZiBpbnN0YWxsIC15IGF6dXJlLWNsaSB8fCB0cnVlCgpsb2cgIlVwZGF0aW5nIE9wZW5TU0guLi4iCmRuZiB1cGRhdGUgLXkgb3BlbnNzaC1zZXJ2ZXIgb3BlbnNzaC1jbGllbnRzIHx8IHRydWUKc3lzdGVtY3RsIHJlc3RhcnQgc3NoZCB8fCB0cnVlCgpsb2cgIkNvbmZpZ3VyaW5nIE5naW54Li4uIgpjYXQgPDwnRU9GJyA+IC9ldGMvbmdpbngvbmdpbnguY29uZgp1c2VyIG5naW54Owp3b3JrZXJfcHJvY2Vzc2VzIGF1dG87CmVycm9yX2xvZyAvdmFyL2xvZy9uZ2lueC9lcnJvci5sb2cgbm90aWNlOwpwaWQgL3J1bi9uZ2lueC5waWQ7CgpldmVudHMgewogICAgd29ya2VyX2Nvbm5lY3Rpb25zIDQwOTY7CiAgICB1c2UgZXBvbGw7CiAgICBtdWx0aV9hY2NlcHQgb247Cn0KCmh0dHAgewogICAgaW5jbHVkZSAgICAgICAvZXRjL25naW54L21pbWUudHlwZXM7CiAgICBkZWZhdWx0X3R5cGUgIGFwcGxpY2F0aW9uL29jdGV0LXN0cmVhbTsKCiAgICBsb2dfZm9ybWF0IGpzb25fYW5hbHl0aWNzIGVzY2FwZT1qc29uICd7JwogICAgICAgICcidGltZV9sb2NhbCI6ICIkdGltZV9sb2NhbCIsJwogICAgICAgICcicmVtb3RlX2FkZHIiOiAiJHJlbW90ZV9hZGRyIiwnCiAgICAgICAgJyJyZXF1ZXN0X2lkIjogIiRyZXF1ZXN0X2lkIiwnCiAgICAgICAgJyJyZW1vdGVfdXNlciI6ICIkcmVtb3RlX3VzZXIiLCcKICAgICAgICAnInJlcXVlc3QiOiAiJHJlcXVlc3QiLCcKICAgICAgICAnInN0YXR1cyI6ICIkc3RhdHVzIiwnCiAgICAgICAgJyJib2R5X2J5dGVzX3NlbnQiOiAiJGJvZHlfYnl0ZXNfc2VudCIsJwogICAgICAgICciaHR0cF9yZWZlcmVyIjogIiRodHRwX3JlZmVyZXIiLCcKICAgICAgICAnImh0dHBfdXNlcl9hZ2VudCI6ICIkaHR0cF91c2VyX2FnZW50IiwnCiAgICAgICAgJyJyZXF1ZXN0X3RpbWUiOiAiJHJlcXVlc3RfdGltZSIsJwogICAgICAgICcidXBzdHJlYW1fY29ubmVjdF90aW1lIjogIiR1cHN0cmVhbV9jb25uZWN0X3RpbWUiLCcKICAgICAgICAnInVwc3RyZWFtX2hlYWRlcl90aW1lIjogIiR1cHN0cmVhbV9oZWFkZXJfdGltZSIsJwogICAgICAgICcidXBzdHJlYW1fcmVzcG9uc2VfdGltZSI6ICIkdXBzdHJlYW1fcmVzcG9uc2VfdGltZSIsJwogICAgICAgICcidXBzdHJlYW1fc3RhdHVzIjogIiR1cHN0cmVhbV9zdGF0dXMiLCcKICAgICAgICAnInVwc3RyZWFtX2FkZHIiOiAiJHVwc3RyZWFtX2FkZHIiJwogICAgJ30nOwoKICAgIGFjY2Vzc19sb2cgIC92YXIvbG9nL25naW54L2FjY2Vzcy5sb2cgIGpzb25fYW5hbHl0aWNzOwoKICAgIHNlbmRmaWxlICAgICAgICBvbjsKICAgIHRjcF9ub3B1c2ggICAgICBvbjsKICAgIHRjcF9ub2RlbGF5ICAgICBvbjsKICAgIGtlZXBhbGl2ZV90aW1lb3V0ICA2NTsKICAgIHR5cGVzX2hhc2hfbWF4X3NpemUgMjA0ODsKICAgIAogICAgc2VydmVyX3Rva2VucyBvZmY7CgogICAgZ3ppcCBvbjsKICAgIGd6aXBfdmFyeSBvbjsKICAgIGd6aXBfcHJveGllZCBhbnk7CiAgICBnemlwX2NvbXBfbGV2ZWwgNjsKICAgIGd6aXBfdHlwZXMgdGV4dC9wbGFpbiB0ZXh0L2NzcyB0ZXh0L3htbCBhcHBsaWNhdGlvbi9qc29uIGFwcGxpY2F0aW9uL2phdmFzY3JpcHQgYXBwbGljYXRpb24veG1sK3JzcyBhcHBsaWNhdGlvbi9hdG9tK3htbCBpbWFnZS9zdmcreG1sOwoKICAgIGluY2x1ZGUgL2V0Yy9uZ2lueC9jb25mLmQvKi5jb25mOwp9CkVPRgoKY2F0IDw8RU9GID4gL2V0Yy9uZ2lueC9jb25mLmQvMDBfc2VjdXJpdHlfY2FjaGUuY29uZgpsaW1pdF9yZXFfem9uZSBcJGJpbmFyeV9yZW1vdGVfYWRkciB6b25lPWx1cGFuZ19nZW5lcmFsOjEwbSByYXRlPTIwci9zOwpsaW1pdF9yZXFfem9uZSBcJGJpbmFyeV9yZW1vdGVfYWRkciB6b25lPWx1cGFuZ19zZW5zaXRpdmU6MTBtIHJhdGU9NXIvczsKcHJveHlfY2FjaGVfcGF0aCAvdmFyL2NhY2hlL25naW54IGxldmVscz0xOjIga2V5c196b25lPWx1cGFuZ19jYWNoZTo1MG0gbWF4X3NpemU9MWcgaW5hY3RpdmU9MzBtIHVzZV90ZW1wX3BhdGg9b2ZmOwpFT0YKCm1rZGlyIC1wIC92YXIvY2FjaGUvbmdpbngKY2hvd24gLVIgbmdpbng6bmdpbnggL3Zhci9jYWNoZS9uZ2lueAoKY2F0IDw8RU9GID4gL2V0Yy9uZ2lueC9jb25mLmQvbHVwYW5nX3Byb3h5LmNvbmYKdXBzdHJlYW0gYmFja2VuZF93YXMgewogICAgc2VydmVyIDE5Mi4xNjguNS40OwogICAga2VlcGFsaXZlIDMyOwp9CgpzZXJ2ZXIgewogICAgbGlzdGVuIDgwIGRlZmF1bHRfc2VydmVyOwogICAgc2VydmVyX25hbWUgXzsKCiAgICBlcnJvcl9wYWdlIDQwMyA0MDQgL2N1c3RvbV80eHguaHRtbDsKICAgIGVycm9yX3BhZ2UgNTAwIDUwMiA1MDMgNTA0IC9jdXN0b21fNTB4Lmh0bWw7CgogICAgYWRkX2hlYWRlciBYLUZyYW1lLU9wdGlvbnMgIlNBTUVPUklHSU4iIGFsd2F5czsKICAgIGFkZF9oZWFkZXIgWC1YU1MtUHJvdGVjdGlvbiAiMTsgbW9kZT1ibG9jayIgYWx3YXlzOwogICAgYWRkX2hlYWRlciBYLUNvbnRlbnQtVHlwZS1PcHRpb25zICJub3NuaWZmIiBhbHdheXM7CiAgICBhZGRfaGVhZGVyIFJlZmVycmVyLVBvbGljeSAic3RyaWN0LW9yaWdpbi13aGVuLWNyb3NzLW9yaWdpbiIgYWx3YXlzOwoKICAgIGxvY2F0aW9uIC9oZWFsdGguaHRtbCB7CiAgICAgICAgYWNjZXNzX2xvZyBvZmY7CiAgICAgICAgcmV0dXJuIDIwMCAnV2ViLUdhdGV3YXktT0snOwogICAgICAgIGFkZF9oZWFkZXIgQ29udGVudC1UeXBlIHRleHQvcGxhaW47CiAgICB9CiAgICAKICAgIGxvY2F0aW9uIH4gXi8oYWRtaW5fYmFja3VwfHBocG15YWRtaW58Y29uZmlnfGRiX2R1bXApLyB7CiAgICAgICAgYWNjZXNzX2xvZyAvdmFyL2xvZy9uZ2lueC9hY2Nlc3MubG9nIGpzb25fYW5hbHl0aWNzOwogICAgICAgIHJldHVybiA0MDM7CiAgICB9CgogICAgIyBWdWxuZXJhYmlsaXR5IDY6IERpcmVjdG9yeSBMaXN0aW5nIEVuYWJsZWQgZm9yIC9iYWNrdXAKICAgIGxvY2F0aW9uIC9iYWNrdXAvIHsKICAgICAgICBhdXRvaW5kZXggb247CiAgICAgICAgYXV0b2luZGV4X2V4YWN0X3NpemUgb2ZmOwogICAgICAgIGF1dG9pbmRleF9mb3JtYXQgaHRtbDsKICAgIH0KCiAgICBsb2NhdGlvbiB+IC9cLihnaXR8ZW52fGh0YWNjZXNzfGh0cGFzc3dkfHN2bikgewogICAgICAgIGRlbnkgYWxsOwogICAgfQoKICAgIGxvY2F0aW9uIH4qIFwuKGpwZ3xqcGVnfHBuZ3xnaWZ8aWNvfGNzc3xqc3x3b2ZmfHdvZmYyfHN2ZykkIHsKICAgICAgICBwcm94eV9wYXNzIGh0dHA6Ly9iYWNrZW5kX3dhczsKICAgICAgICAKICAgICAgICBwcm94eV9zZXRfaGVhZGVyIEhvc3QgXCRob3N0OwogICAgICAgIHByb3h5X3NldF9oZWFkZXIgWC1SZWFsLUlQIFwkcmVtb3RlX2FkZHI7CiAgICAgICAgcHJveHlfc2V0X2hlYWRlciBYLUZvcndhcmRlZC1Gb3IgXCRwcm94eV9hZGRfeF9mb3J3YXJkZWRfZm9yOwogICAgICAgIHByb3h5X3NldF9oZWFkZXIgWC1SZXF1ZXN0LUlEIFwkcmVxdWVzdF9pZDsKCiAgICAgICAgcHJveHlfY2FjaGUgbHVwYW5nX2NhY2hlOwogICAgICAgIHByb3h5X2NhY2hlX3ZhbGlkIDIwMCAzMDIgMTBtOwogICAgICAgIHByb3h5X2NhY2hlX3ZhbGlkIDQwNCAxbTsKICAgICAgICBwcm94eV9jYWNoZV91c2Vfc3RhbGUgZXJyb3IgdGltZW91dCB1cGRhdGluZyBodHRwXzUwMCBodHRwXzUwMiBodHRwXzUwMyBodHRwXzUwNDsKICAgICAgICAKICAgICAgICBhZGRfaGVhZGVyIFgtQ2FjaGUtU3RhdHVzIFwkdXBzdHJlYW1fY2FjaGVfc3RhdHVzOwogICAgfQoKICAgIGxvY2F0aW9uIH4gXi8obG9naW5cLnBocHxteXBhZ2VcLnBocHxhZG1pbl9kYXNoYm9hcmRcLnBocHxsb2dvdXRcLnBocCkgewogICAgICAgIGxpbWl0X3JlcSB6b25lPWx1cGFuZ19zZW5zaXRpdmUgYnVyc3Q9NSBub2RlbGF5OwogICAgICAgIAogICAgICAgIHByb3h5X3Bhc3MgaHR0cDovL2JhY2tlbmRfd2FzOwogICAgICAgIHByb3h5X3NldF9oZWFkZXIgSG9zdCBcJGhvc3Q7CiAgICAgICAgcHJveHlfc2V0X2hlYWRlciBYLVJlYWwtSVAgXCRyZW1vdGVfYWRkcjsKICAgICAgICBwcm94eV9zZXRfaGVhZGVyIFgtRm9yd2FyZGVkLUZvciBcJHByb3h5X2FkZF94X2ZvcndhcmRlZF9mb3I7CiAgICAgICAgcHJveHlfc2V0X2hlYWRlciBYLVJlcXVlc3QtSUQgXCRyZXF1ZXN0X2lkOwogICAgICAgIAogICAgICAgIHByb3h5X2NhY2hlX2J5cGFzcyAxOyAKICAgICAgICBwcm94eV9ub19jYWNoZSAxOwogICAgfQoKICAgIGxvY2F0aW9uIC8gewogICAgICAgIGxpbWl0X3JlcSB6b25lPWx1cGFuZ19nZW5lcmFsIGJ1cnN0PTIwIG5vZGVsYXk7CgogICAgICAgIHByb3h5X3Bhc3MgaHR0cDovL2JhY2tlbmRfd2FzOwogICAgICAgIHByb3h5X3NldF9oZWFkZXIgSG9zdCBcJGhvc3Q7CiAgICAgICAgcHJveHlfc2V0X2hlYWRlciBYLVJlYWwtSVAgXCRyZW1vdGVfYWRkcjsKICAgICAgICBwcm94eV9zZXRfaGVhZGVyIFgtRm9yd2FyZGVkLUZvciBcJHByb3h5X2FkZF94X2ZvcndhcmRlZF9mb3I7CiAgICAgICAgcHJveHlfc2V0X2hlYWRlciBYLVJlcXVlc3QtSUQgXCRyZXF1ZXN0X2lkOwoKICAgICAgICBwcm94eV9jYWNoZSBsdXBhbmdfY2FjaGU7CiAgICAgICAgcHJveHlfY2FjaGVfdmFsaWQgMjAwIDVzOwogICAgICAgIGFkZF9oZWFkZXIgWC1DYWNoZS1TdGF0dXMgXCR1cHN0cmVhbV9jYWNoZV9zdGF0dXM7CiAgICAgICAgCiAgICAgICAgcHJveHlfY29ubmVjdF90aW1lb3V0IDVzOwogICAgICAgIHByb3h5X3JlYWRfdGltZW91dCA2MHM7CiAgICB9CgogICAgbG9jYXRpb24gPSAvY3VzdG9tXzR4eC5odG1sIHsgcm9vdCAvdXNyL3NoYXJlL25naW54L2h0bWwvbHVwYW5nX2Vycm9yczsgaW50ZXJuYWw7IH0KICAgIGxvY2F0aW9uID0gL2N1c3RvbV81MHguaHRtbCB7IHJvb3QgL3Vzci9zaGFyZS9uZ2lueC9odG1sL2x1cGFuZ19lcnJvcnM7IGludGVybmFsOyB9Cn0KRU9GCgpybSAtZiAvZXRjL25naW54L2NvbmYuZC9kZWZhdWx0LmNvbmYKCm1rZGlyIC1wIC91c3Ivc2hhcmUvbmdpbngvaHRtbC9sdXBhbmdfZXJyb3JzCgpjYXQgPDwnRU9GJyA+IC91c3Ivc2hhcmUvbmdpbngvaHRtbC9sdXBhbmdfZXJyb3JzL2N1c3RvbV81MHguaHRtbAo8IURPQ1RZUEUgaHRtbD4KPGh0bWwgbGFuZz0ia28iPgo8aGVhZD4KICAgIDxtZXRhIGNoYXJzZXQ9IlVURi04Ij4KICAgIDx0aXRsZT5TZXJ2aWNlIFVuYXZhaWxhYmxlIC0gTHVwYW5nPC90aXRsZT4KICAgIDxzdHlsZT4KICAgICAgICBib2R5IHsKICAgICAgICAgICAgYmFja2dyb3VuZC1jb2xvcjogIzEyMTIxMjsKICAgICAgICAgICAgY29sb3I6ICNmZmZmZmY7CiAgICAgICAgICAgIGZvbnQtZmFtaWx5OiAnTm90byBTYW5zIEtSJywgc2Fucy1zZXJpZjsKICAgICAgICAgICAgZGlzcGxheTogZmxleDsKICAgICAgICAgICAgYWxpZ24taXRlbXM6IGNlbnRlcjsKICAgICAgICAgICAganVzdGlmeS1jb250ZW50OiBjZW50ZXI7CiAgICAgICAgICAgIGhlaWdodDogMTAwdmg7CiAgICAgICAgICAgIG1hcmdpbjogMDsKICAgICAgICAgICAgdGV4dC1hbGlnbjogY2VudGVyOwogICAgICAgIH0KICAgICAgICAuY29udGFpbmVyIHsKICAgICAgICAgICAgbWF4LXdpZHRoOiA2MDBweDsKICAgICAgICAgICAgcGFkZGluZzogNDBweDsKICAgICAgICAgICAgYm9yZGVyOiAxcHggc29saWQgIzMzMzsKICAgICAgICAgICAgYmFja2dyb3VuZC1jb2xvcjogIzFlMWUxZTsKICAgICAgICAgICAgYm9yZGVyLXJhZGl1czogMTJweDsKICAgICAgICAgICAgYm94LXNoYWRvdzogMCAyMHB4IDUwcHggcmdiYSgwLDAsMCwwLjUpOwogICAgICAgIH0KICAgICAgICBoMSB7IGZvbnQtc2l6ZTogM3JlbTsgY29sb3I6ICNlNjAwMjM7IG1hcmdpbi1ib3R0b206IDEwcHg7IGZvbnQtd2VpZ2h0OiA5MDA7IGxldHRlci1zcGFjaW5nOiAtMXB4OyB9CiAgICAgICAgaDMgeyBmb250LXNpemU6IDEuNXJlbTsgbWFyZ2luLWJvdHRvbTogMjBweDsgfQogICAgICAgIHAgeyBjb2xvcjogI2EwYTBhMDsgZm9udC1zaXplOiAxcmVtOyBsaW5lLWhlaWdodDogMS42OyBtYXJnaW4tYm90dG9tOiAzMHB4OyB9CiAgICAgICAgLmJ0biB7CiAgICAgICAgICAgIGRpc3BsYXk6IGlubGluZS1ibG9jazsKICAgICAgICAgICAgcGFkZGluZzogMTJweCAzMHB4OwogICAgICAgICAgICBiYWNrZ3JvdW5kLWNvbG9yOiAjZTYwMDIzOwogICAgICAgICAgICBjb2xvcjogd2hpdGU7CiAgICAgICAgICAgIHRleHQtZGVjb3JhdGlvbjogbm9uZTsKICAgICAgICAgICAgYm9yZGVyLXJhZGl1czogNTBweDsKICAgICAgICAgICAgZm9udC13ZWlnaHQ6IGJvbGQ7CiAgICAgICAgICAgIHRyYW5zaXRpb246IDAuM3M7CiAgICAgICAgfQogICAgICAgIC5idG46aG92ZXIgeyBiYWNrZ3JvdW5kLWNvbG9yOiAjZmYyZjRmOyBib3gtc2hhZG93OiAwIDAgMTVweCByZ2JhKDIzMCwgMCwgMzUsIDAuNSk7IH0KICAgICAgICAuZXJyb3ItY29kZSB7IGZvbnQtc2l6ZTogMC44cmVtOyBjb2xvcjogIzQ0NDsgbWFyZ2luLXRvcDogMzBweDsgfQogICAgPC9zdHlsZT4KPC9oZWFkPgo8Ym9keT4KICAgIDxkaXYgY2xhc3M9ImNvbnRhaW5lciI+CiAgICAgICAgPGgxPkxVUEFORzwvaDE+CiAgICAgICAgPGgzPuyeoOyLnCDsl7DqsrDsnbQg7KeA7Jew65CY6rOgIOyeiOyKteuLiOuLpC48L2gzPgogICAgICAgIDxwPgogICAgICAgICAgICDtmITsnqwg7KCR7IaN65+J7J20IOunjuqxsOuCmCDsi5zsiqTthZwg7KCQ6rKAIOykkeyeheuLiOuLpC48YnI+CiAgICAgICAgICAgIOqzoOqwneuLmOydmCDsh7ztlZHsl5Ag67aI7Y647J2EIOuTnOugpCDso4TshqHtlanri4jri6QuPGJyPgogICAgICAgICAgICDsnqDsi5wg7ZuEIOuLpOyLnCDsi5zrj4TtlbQg7KO87Iuc6riwIOuwlOuejeuLiOuLpC4KICAgICAgICA8L3A+CiAgICAgICAgPGEgaHJlZj0iLyIgY2xhc3M9ImJ0biI+7IOI66Gc6rOg7LmoPC9hPgogICAgICAgIDxkaXYgY2xhc3M9ImVycm9yLWNvZGUiPkVycm9yIENvZGU6IDUwMiBCYWQgR2F0ZXdheSAvIDUwMyBTZXJ2aWNlIFVuYXZhaWxhYmxlPC9kaXY+CiAgICA8L2Rpdj4KPC9ib2R5Pgo8L2h0bWw+CkVPRgoKY2F0IDw8J0VPRicgPiAvdXNyL3NoYXJlL25naW54L2h0bWwvbHVwYW5nX2Vycm9ycy9jdXN0b21fNHh4Lmh0bWwKPCFET0NUWVBFIGh0bWw+CjxodG1sIGxhbmc9ImtvIj4KPGhlYWQ+CiAgICA8bWV0YSBjaGFyc2V0PSJVVEYtOCI+CiAgICA8dGl0bGU+QWNjZXNzIERlbmllZCAtIEx1cGFuZzwvdGl0bGU+CiAgICA8c3R5bGU+CiAgICAgICAgYm9keSB7CiAgICAgICAgICAgIGJhY2tncm91bmQtY29sb3I6ICMxMjEyMTI7CiAgICAgICAgICAgIGNvbG9yOiAjZmZmZmZmOwogICAgICAgICAgICBmb250LWZhbWlseTogJ05vdG8gU2FucyBLUicsIHNhbnMtc2VyaWY7CiAgICAgICAgICAgIGRpc3BsYXk6IGZsZXg7CiAgICAgICAgICAgIGFsaWduLWl0ZW1zOiBjZW50ZXI7CiAgICAgICAgICAgIGp1c3RpZnktY29udGVudDogY2VudGVyOwogICAgICAgICAgICBoZWlnaHQ6IDEwMHZoOwogICAgICAgICAgICBtYXJnaW46IDA7CiAgICAgICAgICAgIHRleHQtYWxpZ246IGNlbnRlcjsKICAgICAgICB9CiAgICAgICAgLmNvbnRhaW5lciB7CiAgICAgICAgICAgIG1heC13aWR0aDogNjAwcHg7CiAgICAgICAgICAgIHBhZGRpbmc6IDQwcHg7CiAgICAgICAgICAgIGJvcmRlcjogMXB4IHNvbGlkICMzMzM7CiAgICAgICAgICAgIGJhY2tncm91bmQtY29sb3I6ICMxZTFlMWU7CiAgICAgICAgICAgIGJvcmRlci1yYWRpdXM6IDEycHg7CiAgICAgICAgICAgIGJveC1zaGFkb3c6IDAgMjBweCA1MHB4IHJnYmEoMCwwLDAsMC41KTsKICAgICAgICB9CiAgICAgICAgaDEgeyBmb250LXNpemU6IDNyZW07IGNvbG9yOiAjZTYwMDIzOyBtYXJnaW4tYm90dG9tOiAxMHB4OyBmb250LXdlaWdodDogOTAwOyBsZXR0ZXItc3BhY2luZzogLTFweDsgfQogICAgICAgIGgzIHsgZm9udC1zaXplOiAxLjVyZW07IG1hcmdpbi1ib3R0b206IDIwcHg7IH0KICAgICAgICBwIHsgY29sb3I6ICNhMGEwYTA7IGZvbnQtc2l6ZTogMXJlbTsgbGluZS1oZWlnaHQ6IDEuNjsgbWFyZ2luLWJvdHRvbTogMzBweDsgfQogICAgICAgIC5idG4gewogICAgICAgICAgICBkaXNwbGF5OiBpbmxpbmUtYmxvY2s7CiAgICAgICAgICAgIHBhZGRpbmc6IDEycHggMzBweDsKICAgICAgICAgICAgYm9yZGVyOiAycHggc29saWQgI2U2MDAyMzsKICAgICAgICAgICAgY29sb3I6ICNlNjAwMjM7CiAgICAgICAgICAgIHRleHQtZGVjb3JhdGlvbjogbm9uZTsKICAgICAgICAgICAgYm9yZGVyLXJhZGl1czogNTBweDsKICAgICAgICAgICAgZm9udC13ZWlnaHQ6IGJvbGQ7CiAgICAgICAgICAgIHRyYW5zaXRpb246IDAuM3M7CiAgICAgICAgfQogICAgICAgIC5idG46aG92ZXIgeyBiYWNrZ3JvdW5kLWNvbG9yOiAjZTYwMDIzOyBjb2xvcjogd2hpdGU7IH0KICAgICAgICAuZXJyb3ItY29kZSB7IGZvbnQtc2l6ZTogMC44cmVtOyBjb2xvcjogIzQ0NDsgbWFyZ2luLXRvcDogMzBweDsgfQogICAgPC9zdHlsZT4KPC9oZWFkPgo8Ym9keT4KICAgIDxkaXYgY2xhc3M9ImNvbnRhaW5lciI+CiAgICAgICAgPGgxPkxVUEFORzwvaDE+CiAgICAgICAgPGgzPuybkO2VmOyLnOuKlCDtjpjsnbTsp4Drpbwg7LC+7J2EIOyImCDsl4bsirXri4jri6QuPC9oMz4KICAgICAgICA8cD4KICAgICAgICAgICAg7JqU7LKt7ZWY7IugIO2OmOydtOyngOqwgCDsgq3soJzrkJjsl4jqsbDrgpgsIOyemOuqu+uQnCDqsr3roZzsnoXri4jri6QuPGJyPgogICAgICAgICAgICDrmJDripQg7KCR6re8IOq2jO2VnOydtCDsl4bripQg7Y6Y7J207KeA7J28IOyImCDsnojsirXri4jri6QuCiAgICAgICAgPC9wPgogICAgICAgIDxhIGhyZWY9Ii8iIGNsYXNzPSJidG4iPu2ZiOycvOuhnCDrj4zslYTqsIDquLA8L2E+CiAgICAgICAgPGRpdiBjbGFzcz0iZXJyb3ItY29kZSI+RXJyb3IgQ29kZTogNDAzIEZvcmJpZGRlbiAvIDQwNCBOb3QgRm91bmQ8L2Rpdj4KICAgIDwvZGl2Pgo8L2JvZHk+CjwvaHRtbD4KRU9GCgpsb2cgIlZhbGlkYXRpbmcgTmdpbnggY29uZmlndXJhdGlvbi4uLiIKaWYgbmdpbnggLXQ7IHRoZW4KICAgIGxvZyAiTmdpbnggY29uZmlndXJhdGlvbiB2YWxpZC4gU3RhcnRpbmcgc2VydmljZS4iCiAgICBzeXN0ZW1jdGwgZW5hYmxlIG5naW54CiAgICBzeXN0ZW1jdGwgcmVzdGFydCBuZ2lueAogICAgbG9nICJXZWIgVk1TUyBJbml0aWFsaXphdGlvbiBDb21wbGV0ZS4iCmVsc2UKICAgIGxvZyAiQ1JJVElDQUw6IE5naW54IGNvbmZpZ3VyYXRpb24gZmFpbGVkLiBDaGVjayBsb2dzLiIKICAgIGV4aXQgMQpmaQoKIyBJbnN0YWxsIE51IFNoZWxsIGZvciBpbXByb3ZlZCBzaGVsbCBleHBlcmllbmNlIChpZGVtcG90ZW50KQppZiBbICEgLWYgL3Vzci9sb2NhbC9iaW4vbnUgXTsgdGhlbgogICAgbG9nICJJbnN0YWxsaW5nIE51IFNoZWxsLi4uIgogICAgY3VybCAtTCBodHRwczovL2dpdGh1Yi5jb20vbnVzaGVsbC9udXNoZWxsL3JlbGVhc2VzL2Rvd25sb2FkLzAuODguMS9udS0wLjg4LjEteDg2XzY0LXVua25vd24tbGludXgtbXVzbC50YXIuZ3ogLW8gL3RtcC9udS50YXIuZ3oKICAgIHRhciAteHpmIC90bXAvbnUudGFyLmd6IC1DIC90bXAKICAgIG12IC90bXAvbnUtMC44OC4xLXg4Nl82NC11bmtub3duLWxpbnV4LW11c2wvbnUgL3Vzci9sb2NhbC9iaW4vbnUKICAgIGNobW9kICt4IC91c3IvbG9jYWwvYmluL251CiAgICBybSAtcmYgL3RtcC9udS50YXIuZ3ogL3RtcC9udS0wLjg4LjEteDg2XzY0LXVua25vd24tbGludXgtbXVzbAplbHNlCiAgICBsb2cgIk51IFNoZWxsIGFscmVhZHkgaW5zdGFsbGVkLCBza2lwcGluZyBkb3dubG9hZCIKZmkKZ3JlcCAtcSAiL3Vzci9sb2NhbC9iaW4vbnUiIC9ldGMvc2hlbGxzIHx8IGVjaG8gIi91c3IvbG9jYWwvYmluL251IiA+PiAvZXRjL3NoZWxscwpkbmYgaW5zdGFsbCAteSB1dGlsLWxpbnV4LXVzZXIgMj4vZGV2L251bGwgfHwgdHJ1ZQpnZXRlbnQgcGFzc3dkIHd3dyB8IGdyZXAgLXEgIi91c3IvbG9jYWwvYmluL251IiB8fCBjaHNoIC1zIC91c3IvbG9jYWwvYmluL251IHd3dyB8fCB0cnVlCgojIENvbmZpZ3VyZSBOdSBTaGVsbCBmb3Igd3d3IHVzZXIgKGlkZW1wb3RlbnQpCnN1IC0gd3d3IC1zIC9iaW4vYmFzaCAtYyAnbWtkaXIgLXAgfi8uY29uZmlnL251c2hlbGwnCmNhdCA8PCdOVUNPTkZJRycgPiAvaG9tZS93d3cvLmNvbmZpZy9udXNoZWxsL2NvbmZpZy5udQojIE51IFNoZWxsIENvbmZpZ3VyYXRpb24KJGVudi5jb25maWcgPSB7CiAgICBzaG93X2Jhbm5lcjogZmFsc2UKfQpOVUNPTkZJRwoKY2F0IDw8J05VRU5WJyA+IC9ob21lL3d3dy8uY29uZmlnL251c2hlbGwvZW52Lm51CiMgTnUgU2hlbGwgRW52aXJvbm1lbnQKJGVudi5QUk9NUFRfQ09NTUFORCA9IHt8fAogICAgbGV0IGhvc3RuYW1lID0gKGhvc3RuYW1lIHwgc3RyIHRyaW0pCiAgICBsZXQgcGF0aCA9IChwd2QgfCBwYXRoIGJhc2VuYW1lKQogICAgJCIoJGhvc3RuYW1lKTooJHBhdGgpPiAiCn0KJGVudi5QUk9NUFRfSU5ESUNBVE9SID0gIiIKCiMgUHJlLWNvbmZpZ3VyZWQgZW52aXJvbm1lbnQgdmFyaWFibGVzIChmYWxsYmFjayB2YWx1ZXMpCiRlbnYuV0FTX0lQID0gIjE5Mi4xNjguNS42IgoKIyBIZWxwZXIgZnVuY3Rpb24gdG8gY29ubmVjdCB0byBXQVMKZGVmIHdhcyBbXSB7IHNzaCB3d3dAMTkyLjE2OC41LjYgfQoKIyBIZWxwZXIgZnVuY3Rpb24gdG8gY29ubmVjdCB0byBNeVNRTCAocnVuIG9uIFdBUywgbm90IFdlYikKZGVmIG15ZGIgW10geyAKICAgIHByaW50ICJNeVNRTCDsoJHsho3snYAgV0FTIOyEnOuyhOyXkOyEnCDsi6TtlontlZjshLjsmpQ6IG15c3FsIC1oICRlbnYuTVlTUUxfSE9TVCAtdSB3d3cgLXAiCn0KTlVFTlYKCmNob3duIC1SIHd3dzp3d3cgL2hvbWUvd3d3Ly5jb25maWcvbnVzaGVsbApsb2cgIk51IFNoZWxsIGluc3RhbGxlZCBzdWNjZXNzZnVsbHkgd2l0aCBjdXN0b20gcHJvbXB0IgoKZWNobyAiSU5JVF9DT01QTEVURUQiID4gL3RtcC93ZWJfaW5pdF9jb21wbGV0ZS50eHQKY2htb2QgNjQ0IC90bXAvd2ViX2luaXRfY29tcGxldGUudHh0Cgpsb2cgIkluaXRpYWxpemF0aW9uIFByb2NlZHVyZSBGaW5pc2hlZCI=\"}",
                "protected_settings_from_key_vault": [],
                "provision_after_extensions": [],
                "publisher": "Microsoft.Azure.Extensions",
                "settings": "",
                "type": "CustomScript",
                "type_handler_version": "2.1"
              }
            ],
            "extension_operations_enabled": true,
            "extensions_time_budget": "PT1H30M",
            "gallery_application": [],
            "health_probe_id": "/subscriptions/99b79efe-ebd6-468c-b39f-5669acb259e1/resourceGroups/04-t1-www-rg/providers/Microsoft.Network/loadBalancers/www-lb/probes/http-probe",
            "host_group_id": null,
            "id": "/subscriptions/99b79efe-ebd6-468c-b39f-5669acb259e1/resourceGroups/04-t1-www-rg/providers/Microsoft.Compute/virtualMachineScaleSets/web-vmss",
            "identity": [
              {
                "identity_ids": [
                  "/subscriptions/99b79efe-ebd6-468c-b39f-5669acb259e1/resourceGroups/04-t1-www-rg/providers/Microsoft.ManagedIdentity/userAssignedIdentities/vmss-managed-identity"
                ],
                "principal_id": "",
                "tenant_id": "",
                "type": "UserAssigned"
              }
            ],
            "instances": 2,
            "location": "koreacentral",
            "max_bid_price": -1,
            "name": "web-vmss",
            "network_interface": [
              {
                "auxiliary_mode": "",
                "auxiliary_sku": "",
                "dns_servers": [],
                "enable_accelerated_networking": true,
                "enable_ip_forwarding": false,
                "ip_configuration": [
                  {
                    "application_gateway_backend_address_pool_ids": [],
                    "application_security_group_ids": [],
                    "load_balancer_backend_address_pool_ids": [
                      "/subscriptions/99b79efe-ebd6-468c-b39f-5669acb259e1/resourceGroups/04-t1-www-rg/providers/Microsoft.Network/loadBalancers/www-lb/backendAddressPools/www-backend-pool"
                    ],
                    "load_balancer_inbound_nat_rules_ids": [
                      "/subscriptions/99b79efe-ebd6-468c-b39f-5669acb259e1/resourceGroups/04-t1-www-rg/providers/Microsoft.Network/loadBalancers/www-lb/inboundNatPools/ssh-nat-pool"
                    ],
                    "name": "internal",
                    "primary": true,
                    "public_ip_address": [],
                    "subnet_id": "/subscriptions/99b79efe-ebd6-468c-b39f-5669acb259e1/resourceGroups/04-t1-www-rg/providers/Microsoft.Network/virtualNetworks/vnet0/subnets/www-vmss",
                    "version": "IPv4"
                  }
                ],
                "name": "vmss-nic",
                "network_security_group_id": "",
                "primary": true
              }
            ],
            "os_disk": [
              {
                "caching": "ReadOnly",
                "diff_disk_settings": [],
                "disk_encryption_set_id": "",
                "disk_size_gb": 10,
                "secure_vm_disk_encryption_set_id": "",
                "security_encryption_type": "",
                "storage_account_type": "Premium_LRS",
                "write_accelerator_enabled": false
              }
            ],
            "overprovision": false,
            "plan": [
              {
                "name": "9-lvm",
                "product": "rockylinux-x86_64",
                "publisher": "resf"
              }
            ],
            "platform_fault_domain_count": 5,
            "priority": "Regular",
            "provision_vm_agent": true,
            "proximity_placement_group_id": "",
            "resilient_vm_creation_enabled": false,
            "resilient_vm_deletion_enabled": false,
            "resource_group_name": "04-t1-www-rg",
            "rolling_upgrade_policy": [
              {
                "cross_zone_upgrades_enabled": false,
                "max_batch_instance_percent": 20,
                "max_unhealthy_instance_percent": 100,
                "max_unhealthy_upgraded_instance_percent": 100,
                "maximum_surge_instances_enabled": false,
                "pause_time_between_batches": "PT0S",
                "prioritize_unhealthy_instances_enabled": false
              }
            ],
            "scale_in": [],
            "secret": [],
            "secure_boot_enabled": false,
            "single_placement_group": true,
            "sku": "Standard_D2s_v3",
            "source_image_id": "",
            "source_image_reference": [
              {
                "offer": "rockylinux-x86_64",
                "publisher": "resf",
                "sku": "9-lvm",
                "version": "latest"
              }
            ],
            "spot_restore": [],
            "tags": {
              "Environment": "Production",
              "ManagedBy": "Terraform",
              "Purpose": "Web-Scale-Set"
            },
            "termination_notification": [],
            "timeouts": null,
            "unique_id": "b4eb7775-be2a-43a1-b4ac-358c96f6a29a",
            "upgrade_mode": "Rolling",
            "user_data": "",
            "vtpm_enabled": false,
            "zone_balance": false,
            "zones": [
              "1",
              "2"
            ]
          },
          "sensitive_attributes": [
            [
              {
                "type": "get_attr",
                "value": "admin_password"
              }
            ],
            [
              {
                "type": "get_attr",
                "value": "custom_data"
              }
            ],
            [
              {
                "type": "get_attr",
                "value": "extension"
              }
            ]
          ],
          "identity_schema_version": 0,
          "private": "eyJlMmJmYjczMC1lY2FhLTExZTYtOGY4OC0zNDM2M2JjN2M0YzAiOnsiY3JlYXRlIjozNjAwMDAwMDAwMDAwLCJkZWxldGUiOjM2MDAwMDAwMDAwMDAsInJlYWQiOjMwMDAwMDAwMDAwMCwidXBkYXRlIjozNjAwMDAwMDAwMDAwfX0=",
          "dependencies": [
            "azurerm_resource_group.rg",
            "module.identity.azurerm_user_assigned_identity.vmss_identity",
            "module.network_central.azurerm_lb.vmss_lb",
            "module.network_central.azurerm_lb.was_lb",
            "module.network_central.azurerm_lb_backend_address_pool.bpepool",
            "module.network_central.azurerm_lb_nat_pool.ssh_nat_pool",
            "module.network_central.azurerm_lb_probe.vmss_probe",
            "module.network_central.azurerm_public_ip.lb_pip",
            "module.network_central.azurerm_subnet.subnets",
            "module.network_central.azurerm_virtual_network.vnet",
            "module.security.azurerm_application_insights.app_insights",
            "module.security.azurerm_log_analytics_workspace.law"
          ]
        }
      ]
    },
    {
      "module": "module.compute",
      "mode": "managed",
      "type": "azurerm_linux_virtual_machine_scale_set",
      "name": "was_vmss",
      "provider": "provider[\"registry.terraform.io/hashicorp/azurerm\"]",
      "instances": [
        {
          "schema_version": 0,
          "attributes": {
            "additional_capabilities": [],
            "admin_password": "It12345!",
            "admin_ssh_key": [
              {
                "public_key": "ssh-rsa AAAAB3NzaC1yc2EAAAADAQABAAACAQC/TlpVUiv5Z/P3mboBl0O/9rKioqT71tOasgqglsOzUNpH4VFl9OlPIWhk3+pKWvzNU+mMZSdsgRPwM1kGqYl3Nx2fnP5D/a/5sNlHgOZajuKgoxvWUmvU8Qd5MBUt0YHWGQCipsZnOeMjTquv/tA0t3zm6CDoMm/QmnHqEQXFeSExvGQ3RKZ5tz1Yy9FKNaAki+TpVbUWTJA95EDOOiPRLFcyv7A1hRxdtrZ/+EJxGnwx6mmx367Wor3oiYK/J1Ju3zX+8ucstTFua/Ka2CCxCOLHzpkRtF1EOHS+eghVh4aNR9V6RVevzQf44HR8FSD/3JppBmymXpnBC93lpab/UtSzG+pvu0NOI7suGUlMZ/M9eT4RhGvMVWyEMhbeUhiKqZd/LbnQ9RjNsp0f5oPVbzUjg4YSymXOs48uQqYhSnvjb3Y6/8dKze1baTIFl8IDfUmTFaLuXeEzv0XxJTEEsXmB3O17bJXHKYhEfSMYb5BoZBmNt3UVeC1N7qfImnbHBFD2PonhsB21Uwn/s8KYuRNEmirJR031TBevTal2BWJzJmH8dOZZF2x0DPYwhr9YyOwT+YRv9VxR/oGXQcoTq4EkzUx53xJqVT64m5XJ+8cMMzXs4PmN0RyydjDsPuWe1pjZ5eYscc492U2n4yNaiH2vOmNMbn5X9dyc4KHb6Q== school\r\n",
                "username": "www"
              },
              {
                "public_key": "ssh-rsa AAAAB3NzaC1yc2EAAAADAQABAAACAQDEQ9S4RS2JUOKiaCaBw4oPlYbCOscuYsk9Zm0h07tIvqzGFwsQcMCYCGUYMyUoWxZU3V8WoxOruBhdn6RJMj+H7E2OAI3pfCqC1H0VflC00fO8K1dkQIqfbfrUgdwZRZbfXg6a2iuD2TTwUjeXw0lwqqK8QvMplbROGZSLf+erIC2aHN60ekHJLXSP3492Vy6RHj07bJiupG8ylsAvV3nKhkR58zrhOvNiOUSvwtOSyvlrnnpj0Zo31defuY5mVrAMfw90sWzt9h5iItFGbQVTagmd2/derktwToxQY0nZEkPPvX3Km4qq3/OdIWhtR940eaePPHmSdgfQ+tt4vA+uRNaIGbCEwmQsMDa7GzsiHDk5EAtrOm6oqT2y590poIVRlkHB4FiPx4zJS/OnTsW1z3P53Tged7gd21bWkFmAjLzTfLGlMKGeF8rxcWDdOkqC4BViA296kBYJ1QE9vpWOq2taam6usTqiD2asc7Ie7/iR28Vw6cVZ2lxU3dh7zJ6IxPl6l7OxLNwUGWIy6L8cGua2OvFtddJL290DDNAXRCGbkg7XRCBl+QwJfkAOdocNCzFtMekw9nQ384mRFajjaE3kMH4rd7C3ty4cLk/9ZLaA7QhUJ0dpTYFSlpn5/V+82/ROU3GkoRgm8qUeO2/mx5SrLQFdtVMdpfdcLj4zFw== home\r\n",
                "username": "www"
              }
            ],
            "admin_username": "www",
            "automatic_instance_repair": [
              {
                "action": "",
                "enabled": true,
                "grace_period": "PT30M"
              }
            ],
            "automatic_os_upgrade_policy": [
              {
                "disable_automatic_rollback": false,
                "enable_automatic_os_upgrade": false
              }
            ],
            "boot_diagnostics": [],
            "capacity_reservation_group_id": "",
            "computer_name_prefix": "was-vmss",
            "custom_data": null,
            "data_disk": [],
            "disable_password_authentication": false,
            "do_not_run_extensions_on_overprovisioned_machines": false,
            "edge_zone": "",
            "encryption_at_host_enabled": false,
            "eviction_policy": "",
            "extension": [
              {
                "auto_upgrade_minor_version": true,
                "automatic_upgrade_enabled": false,
                "force_update_tag": "",
                "name": "WASInitScript",
                "protected_settings": "{\"script\":\"IyEvYmluL2Jhc2gKIyBXQVMgVk1TUyBJbml0aWFsaXphdGlvbiBTY3JpcHQKIyBUZXJyYWZvcm0gVmFyaWFibGVzOiB3d3ctbXlzcWwtc2VydmVyLWQ1Z20ubXlzcWwuZGF0YWJhc2UuYXp1cmUuY29tLCB3d3ctbXlzcWwtcmVwbGljYS0yLW96Lm15c3FsLmRhdGFiYXNlLmF6dXJlLmNvbSwgd3d3LCBJdDEyMzQ1ISwgd3d3X3NxbCwgd3d3LXJlZGlzLWNhY2hlLWl3MGwucmVkaXMuY2FjaGUud2luZG93cy5uZXQsIGdDMmRiYXBsTnQzWnlPcFNUQ24yN3F4bzhEbWsxMWduVUF6Q2FER3dQRlE9LCA4NjdiMzFkYi0wMDRmLTQ4MDYtYTRlMC1jY2ViZjhkMDg0YTUsIDE5Mi4xNjguNS41CgpzZXQgLWUKCmV4ZWMgPiA+KHRlZSAtYSAiL3Zhci9sb2cvd2FzX2luaXQubG9nIikgMj4mMQoKbG9nKCkgewogICAgZWNobyAiWyQoZGF0ZSAnKyVZLSVtLSVkICVIOiVNOiVTJyldICQxIgp9CgplcnJvcl9oYW5kbGVyKCkgewogICAgbG9nICJFUlJPUjogQ29tbWFuZCAnJDInIGZhaWxlZCBvbiBsaW5lICQxIgogICAgZXhpdCAxCn0KCnRyYXAgJ2Vycm9yX2hhbmRsZXIgJExJTkVOTyAiJEJBU0hfQ09NTUFORCInIEVSUgoKbG9nICJTdGFydGluZyBXQVMgSW5pdGlhbGl6YXRpb24iCgplY2hvICI4NjdiMzFkYi0wMDRmLTQ4MDYtYTRlMC1jY2ViZjhkMDg0YTUiID4gL2V0Yy9sdXBhbmdfYXBwX2luc2lnaHRzX2tleQpjaG1vZCA2MDAgL2V0Yy9sdXBhbmdfYXBwX2luc2lnaHRzX2tleQoKc2V0ZW5mb3JjZSAwIHx8IHRydWUKc2VkIC1pICdzL1NFTElOVVg9ZW5mb3JjaW5nL1NFTElOVVg9ZGlzYWJsZWQvZycgL2V0Yy9zZWxpbnV4L2NvbmZpZyB8fCB0cnVlCgpzeXN0ZW1jdGwgZW5hYmxlIGZpcmV3YWxsZCB8fCB0cnVlCnN5c3RlbWN0bCBzdGFydCBmaXJld2FsbGQgfHwgdHJ1ZQpmaXJld2FsbC1jbWQgLS16b25lPXB1YmxpYyAtLWFkZC1zZXJ2aWNlPWh0dHAgLS1wZXJtYW5lbnQgfHwgdHJ1ZQpmaXJld2FsbC1jbWQgLS16b25lPXB1YmxpYyAtLWFkZC1zZXJ2aWNlPXNzaCAtLXBlcm1hbmVudCB8fCB0cnVlCmZpcmV3YWxsLWNtZCAtLXJlbG9hZCB8fCB0cnVlCgpsb2cgIkluc3RhbGxpbmcgcGFja2FnZXMuLi4iCgppbnN0YWxsX3dpdGhfcmV0cnkoKSB7CiAgICBsb2NhbCBjbWQ9IiQxIgogICAgbG9jYWwgbWF4X2F0dGVtcHRzPTUKICAgIGxvY2FsIGF0dGVtcHQ9MQogICAgd2hpbGUgWyAkYXR0ZW1wdCAtbGUgJG1heF9hdHRlbXB0cyBdOyBkbwogICAgICAgIGxvZyAiQXR0ZW1wdCAkYXR0ZW1wdDogJGNtZCIKICAgICAgICBpZiBldmFsICIkY21kIjsgdGhlbgogICAgICAgICAgICByZXR1cm4gMAogICAgICAgIGZpCiAgICAgICAgbG9nICJBdHRlbXB0ICRhdHRlbXB0IGZhaWxlZCwgcmV0cnlpbmcgaW4gMTAgc2Vjb25kcy4uLiIKICAgICAgICBzbGVlcCAxMAogICAgICAgIGF0dGVtcHQ9JCgoYXR0ZW1wdCArIDEpKQogICAgZG9uZQogICAgbG9nICJXQVJOSU5HOiBBbGwgYXR0ZW1wdHMgZmFpbGVkIGZvcjogJGNtZCIKICAgIHJldHVybiAwCn0KCmluc3RhbGxfd2l0aF9yZXRyeSAiZG5mIGluc3RhbGwgLXkgZXBlbC1yZWxlYXNlIgppbnN0YWxsX3dpdGhfcmV0cnkgImRuZiBpbnN0YWxsIC15IGh0dHBzOi8vcnBtcy5yZW1pcmVwby5uZXQvZW50ZXJwcmlzZS9yZW1pLXJlbGVhc2UtOS5ycG0iCmRuZiBtb2R1bGUgcmVzZXQgLXkgcGhwIHx8IHRydWUKZG5mIG1vZHVsZSBlbmFibGUgLXkgcGhwOnJlbWktOC4xIHx8IHRydWUKCmluc3RhbGxfd2l0aF9yZXRyeSAiZG5mIGluc3RhbGwgLXkgaHR0cGQgcGhwIHBocC1teXNxbG5kIHBocC1nZCBwaHAtanNvbiBwaHAtbWJzdHJpbmcgcGhwLXBlY2wtcmVkaXMgcGhwLWltYXAgbXlzcWwgZ2l0IHBocC1wZWFyIHNzaHBhc3MiCnN5c3RlbWN0bCBlbmFibGUgLS1ub3cgaHR0cGQKCmxvZyAiVXBkYXRpbmcgT3BlblNTSC4uLiIKZG5mIHVwZGF0ZSAteSBvcGVuc3NoLXNlcnZlciBvcGVuc3NoLWNsaWVudHMgfHwgdHJ1ZQpzeXN0ZW1jdGwgcmVzdGFydCBzc2hkIHx8IHRydWUKCmxvZyAiQ29uZmlndXJpbmcgUEhQIHVzYWdlIG9mIFJlZGlzLi4uIgpzZWQgLWkgJ3Mvc2Vzc2lvbi5zYXZlX2hhbmRsZXIgPSBmaWxlcy9zZXNzaW9uLnNhdmVfaGFuZGxlciA9IHJlZGlzL2cnIC9ldGMvcGhwLmluaQpjYXQgPDxFT0YgPiAvZXRjL3BocC5kLzUwLXJlZGlzLmluaQpleHRlbnNpb249cmVkaXMuc28Kc2Vzc2lvbi5zYXZlX3BhdGggPSAidGNwOi8vd3d3LXJlZGlzLWNhY2hlLWl3MGwucmVkaXMuY2FjaGUud2luZG93cy5uZXQ6NjM4MD9hdXRoPWdDMmRiYXBsTnQzWnlPcFNUQ24yN3F4bzhEbWsxMWduVUF6Q2FER3dQRlE9IgpFT0YKc2VkIC1pICdzL2V4cG9zZV9waHAgPSBPbi9leHBvc2VfcGhwID0gT2ZmL2cnIC9ldGMvcGhwLmluaQoKbWtkaXIgLXAgL3Zhci93d3cvaHRtbC91cGxvYWRzCmNobW9kIC1SIDc1NSAvdmFyL3d3dy9odG1sCmNobW9kIDc3NyAvdmFyL3d3dy9odG1sL3VwbG9hZHMKdG91Y2ggL3Zhci9sb2cvbHVwYW5nX2FwcC5qc29uCmNobW9kIDY2NiAvdmFyL2xvZy9sdXBhbmdfYXBwLmpzb24KCmNhdCA8PEVPRiA+IC92YXIvd3d3L2h0bWwvaGVhbHRoLnBocAo8P3BocApcJGNvbm4gPSBuZXcgbXlzcWxpKCJ3d3ctbXlzcWwtc2VydmVyLWQ1Z20ubXlzcWwuZGF0YWJhc2UuYXp1cmUuY29tIiwgInd3dyIsICJJdDEyMzQ1ISIsICJ3d3dfc3FsIik7CgppZiAoXCRjb25uLT5jb25uZWN0X2Vycm9yKSB7IAogICAgaHR0cF9yZXNwb25zZV9jb2RlKDUwMCk7IAogICAgZWNobyAiREIgRG93bjogIiAuIFwkY29ubi0+Y29ubmVjdF9lcnJvcjsgCn0gZWxzZSB7IAogICAgaHR0cF9yZXNwb25zZV9jb2RlKDIwMCk7IAogICAgZWNobyAiV0FTLU9LIjsgCn0KPz4KRU9GCgpjYXQgPDxFT0YgPiAvdmFyL3d3dy9odG1sL2RiX2NvbmZpZy5waHAKPD9waHAKXCRkYl9ob3N0X3dyID0gInd3dy1teXNxbC1zZXJ2ZXItZDVnbS5teXNxbC5kYXRhYmFzZS5henVyZS5jb20iOwpcJGRiX2hvc3Rfcm8gPSAid3d3LW15c3FsLXJlcGxpY2EtMi1vei5teXNxbC5kYXRhYmFzZS5henVyZS5jb20iOwpcJGRiX3VzZXIgICAgPSAid3d3IjsKXCRkYl9wYXNzICAgID0gIkl0MTIzNDUhIjsKXCRkYl9uYW1lICAgID0gInd3d19zcWwiOwoKZnVuY3Rpb24gZ2V0RGJDb25uZWN0aW9uKFwkdHlwZSA9ICdyZWFkJykgewogICAgZ2xvYmFsIFwkZGJfaG9zdF93ciwgXCRkYl9ob3N0X3JvLCBcJGRiX3VzZXIsIFwkZGJfcGFzcywgXCRkYl9uYW1lOwogICAgXCRob3N0ID0gKFwkdHlwZSA9PT0gJ3dyaXRlJykgPyBcJGRiX2hvc3Rfd3IgOiBcJGRiX2hvc3Rfcm87CiAgICAKICAgIGlmIChlbXB0eSgiXCRkYl9ob3N0X3JvIikpIFwkaG9zdCA9IFwkZGJfaG9zdF93cjsKCiAgICBcJGNvbm4gPSBuZXcgbXlzcWxpKFwkaG9zdCwgXCRkYl91c2VyLCBcJGRiX3Bhc3MsIFwkZGJfbmFtZSk7CiAgICBpZiAoXCRjb25uLT5jb25uZWN0X2Vycm9yKSB7CiAgICAgICAgd3JpdGVMb2coJ0RCX0VSUk9SJywgJ0NSSVRJQ0FMJywgIkNvbm5lY3Rpb24gRmFpbGVkIiwgWydlcnJvcicgPT4gXCRjb25uLT5jb25uZWN0X2Vycm9yXSk7CiAgICAgICAgZGllKCJTZXJ2aWNlIEVycm9yIik7CiAgICB9CiAgICByZXR1cm4gXCRjb25uOwp9CgpmdW5jdGlvbiB3cml0ZUxvZyhcJGFjdGlvbiwgXCRsZXZlbCwgXCRtc2csIFwkZXh0cmEgPSBbXSkgewogICAgXCRoZWFkZXJzID0gZ2V0YWxsaGVhZGVycygpOwogICAgXCR0cmFjZV9pZCA9IFwkaGVhZGVyc1snWC1SZXF1ZXN0LUlkJ10gPz8gJ25vLXRyYWNlLWlkJzsKICAgIFwkbG9nRW50cnkgPSBbCiAgICAgICAgJ3RpbWVzdGFtcCcgPT4gZGF0ZSgnYycpLAogICAgICAgICd0cmFjZV9pZCcgID0+IFwkdHJhY2VfaWQsCiAgICAgICAgJ2NsaWVudF9pcCcgPT4gXCRfU0VSVkVSWydSRU1PVEVfQUREUiddID8/ICd1bmtub3duJywKICAgICAgICAndXJpJyAgICAgICA9PiBcJF9TRVJWRVJbJ1JFUVVFU1RfVVJJJ10gPz8gJ3Vua25vd24nLAogICAgICAgICdhY3Rpb24nICAgID0+IFwkYWN0aW9uLAogICAgICAgICdsZXZlbCcgICAgID0+IFwkbGV2ZWwsCiAgICAgICAgJ21lc3NhZ2UnICAgPT4gXCRtc2csCiAgICAgICAgJ2RldGFpbHMnICAgPT4gXCRleHRyYQogICAgXTsKICAgIGZpbGVfcHV0X2NvbnRlbnRzKCcvdmFyL2xvZy9sdXBhbmdfYXBwLmpzb24nLCBqc29uX2VuY29kZShcJGxvZ0VudHJ5KSAuICJcbiIsIEZJTEVfQVBQRU5EKTsKfQo/PgpFT0YKCmxvZyAiQ29uZmlndXJpbmcgTWFpbC4uLiIKY2F0IDw8RU9GID4gL3Zhci93d3cvaHRtbC9tYWlsX2NvbmZpZy5waHAKPD9waHAKZGVmaW5lKCdNQUlMX0hPU1QnLCAnbWFpbC4wNHd3dy5jbG91ZCcpOwpkZWZpbmUoJ01BSUxfUE9SVCcsIDI1KTsKZGVmaW5lKCdNQUlMX0ZST00nLCAnbm9yZXBseUAwNHd3dy5jbG91ZCcpOwpkZWZpbmUoJ01BSUxfRlJPTV9OQU1FJywgJ0xVUEFORyDqs6DqsJ3shLzthLAnKTsKCmZ1bmN0aW9uIHNlbmRNYWlsKFwkdG8sIFwkc3ViamVjdCwgXCRib2R5LCBcJGlzSHRtbCA9IHRydWUpIHsKICAgIFwkaGVhZGVycyA9IFtdOwogICAgXCRoZWFkZXJzW10gPSAnTUlNRS1WZXJzaW9uOiAxLjAnOwogICAgXCRoZWFkZXJzW10gPSBcJGlzSHRtbCA/ICdDb250ZW50LXR5cGU6IHRleHQvaHRtbDsgY2hhcnNldD1VVEYtOCcgOiAnQ29udGVudC10eXBlOiB0ZXh0L3BsYWluOyBjaGFyc2V0PVVURi04JzsKICAgIFwkaGVhZGVyc1tdID0gJ0Zyb206ICcgLiBNQUlMX0ZST01fTkFNRSAuICcgPCcgLiBNQUlMX0ZST00gLiAnPic7CiAgICBcJGhlYWRlcnNbXSA9ICdSZXBseS1Ubzogc3VwcG9ydEAwNHd3dy5jbG91ZCc7CiAgICBcJGhlYWRlcnNbXSA9ICdYLU1haWxlcjogTFVQQU5HLVdBUy8xLjAnOwogICAgCiAgICBcJHJlc3VsdCA9IG1haWwoXCR0bywgXCRzdWJqZWN0LCBcJGJvZHksIGltcGxvZGUoIlxcclxcbiIsIFwkaGVhZGVycykpOwogICAgCiAgICBpZiAoZnVuY3Rpb25fZXhpc3RzKCd3cml0ZUxvZycpKSB7CiAgICAgICAgaWYgKFwkcmVzdWx0KSB7CiAgICAgICAgICAgIHdyaXRlTG9nKCdNQUlMX1NFTlQnLCAnSU5GTycsICdFbWFpbCBzZW50IHN1Y2Nlc3NmdWxseScsIFsndG8nID0+IFwkdG8sICdzdWJqZWN0JyA9PiBcJHN1YmplY3RdKTsKICAgICAgICB9IGVsc2UgewogICAgICAgICAgICB3cml0ZUxvZygnTUFJTF9GQUlMRUQnLCAnRVJST1InLCAnRW1haWwgc2VuZCBmYWlsZWQnLCBbJ3RvJyA9PiBcJHRvLCAnc3ViamVjdCcgPT4gXCRzdWJqZWN0XSk7CiAgICAgICAgfQogICAgfQogICAgCiAgICByZXR1cm4gXCRyZXN1bHQ7Cn0KPz4KRU9GCgpsb2cgIldhaXRpbmcgZm9yIERCIGNvbm5lY3Rpb24uLi4iCndhaXRfZm9yX2RiKCkgewogICAgbG9jYWwgaG9zdD0iJDEiCiAgICBsb2NhbCBtYXg9MzAKICAgIGxvY2FsIGk9MAogICAgd2hpbGUgISBteXNxbCAtaCAiJGhvc3QiIC11ICJ3d3ciIC1wIkl0MTIzNDUhIiAtZSAiU0VMRUNUIDEiICY+L2Rldi9udWxsOyBkbwogICAgICAgIGlmIFsgJGkgLWdlICRtYXggXTsgdGhlbgogICAgICAgICAgICBsb2cgIkRCIGNvbm5lY3Rpb24gdGltZWQgb3V0LiIKICAgICAgICAgICAgcmV0dXJuIDEKICAgICAgICBmaQogICAgICAgIGxvZyAiV2FpdGluZyBmb3IgREIgKCRob3N0KS4uLiIKICAgICAgICBzbGVlcCAyCiAgICAgICAgKChpKyspKQogICAgZG9uZQogICAgcmV0dXJuIDAKfQoKd2FpdF9mb3JfZGIgInd3dy1teXNxbC1zZXJ2ZXItZDVnbS5teXNxbC5kYXRhYmFzZS5henVyZS5jb20iCgpsb2cgIlNlZWRpbmcgRGF0YWJhc2UuLi4iCmNhdCA8PEVPU1FMID4gL3RtcC9pbml0X2RiLnNxbApVU0Ugd3d3X3NxbDsKCkNSRUFURSBUQUJMRSBJRiBOT1QgRVhJU1RTIHVzZXJzICgKICAgIGlkIElOVCBQUklNQVJZIEtFWSBBVVRPX0lOQ1JFTUVOVCwKICAgIHVzZXJuYW1lIFZBUkNIQVIoNTApIFVOSVFVRSBOT1QgTlVMTCwKICAgIHBhc3N3b3JkIFZBUkNIQVIoMjU1KSBOT1QgTlVMTCwKICAgIHJlYWxfbmFtZSBWQVJDSEFSKDEwMCksCiAgICBwaG9uZSBWQVJDSEFSKDIwKSwKICAgIGFkZHJlc3MgVEVYVCwKICAgIHJvbGUgRU5VTSgndXNlcicsICdhZG1pbicpIERFRkFVTFQgJ3VzZXInLAogICAgY3JlYXRlZF9hdCBUSU1FU1RBTVAgREVGQVVMVCBDVVJSRU5UX1RJTUVTVEFNUAopOwoKQ1JFQVRFIFRBQkxFIElGIE5PVCBFWElTVFMgcHJvZHVjdHMgKAogICAgaWQgSU5UIFBSSU1BUlkgS0VZIEFVVE9fSU5DUkVNRU5ULAogICAgY2F0ZWdvcnkgVkFSQ0hBUig1MCkgREVGQVVMVCAnR2VuZXJhbCcsCiAgICBuYW1lIFZBUkNIQVIoMjAwKSBOT1QgTlVMTCwKICAgIGRlc2NyaXB0aW9uIFRFWFQsCiAgICBwcmljZSBJTlQgTk9UIE5VTEwsCiAgICBzdG9jayBJTlQgREVGQVVMVCAxMDAsCiAgICBpbWFnZV91cmwgVEVYVCwKICAgIGNyZWF0ZWRfYXQgVElNRVNUQU1QIERFRkFVTFQgQ1VSUkVOVF9USU1FU1RBTVAKKTsKCkNSRUFURSBUQUJMRSBJRiBOT1QgRVhJU1RTIGNhcnQgKAogICAgaWQgSU5UIFBSSU1BUlkgS0VZIEFVVE9fSU5DUkVNRU5ULAogICAgdXNlcl9pZCBJTlQgTk9UIE5VTEwsCiAgICBwcm9kdWN0X2lkIElOVCBOT1QgTlVMTCwKICAgIHF1YW50aXR5IElOVCBERUZBVUxUIDEsCiAgICBjcmVhdGVkX2F0IFRJTUVTVEFNUCBERUZBVUxUIENVUlJFTlRfVElNRVNUQU1QLAogICAgRk9SRUlHTiBLRVkgKHVzZXJfaWQpIFJFRkVSRU5DRVMgdXNlcnMoaWQpLAogICAgRk9SRUlHTiBLRVkgKHByb2R1Y3RfaWQpIFJFRkVSRU5DRVMgcHJvZHVjdHMoaWQpLAogICAgVU5JUVVFIEtFWSB1c2VyX3Byb2R1Y3QgKHVzZXJfaWQsIHByb2R1Y3RfaWQpCik7CgpDUkVBVEUgVEFCTEUgSUYgTk9UIEVYSVNUUyBvcmRlcnMgKAogICAgaWQgSU5UIFBSSU1BUlkgS0VZIEFVVE9fSU5DUkVNRU5ULAogICAgdXNlcl9pZCBJTlQgTk9UIE5VTEwsCiAgICB0b3RhbF9hbW91bnQgSU5UIE5PVCBOVUxMLAogICAgc3RhdHVzIFZBUkNIQVIoNTApIERFRkFVTFQgJ3BhaWQnLAogICAgY3JlYXRlZF9hdCBUSU1FU1RBTVAgREVGQVVMVCBDVVJSRU5UX1RJTUVTVEFNUCwKICAgIEZPUkVJR04gS0VZICh1c2VyX2lkKSBSRUZFUkVOQ0VTIHVzZXJzKGlkKQopOwoKQ1JFQVRFIFRBQkxFIElGIE5PVCBFWElTVFMgb3JkZXJfaXRlbXMgKAogICAgaWQgSU5UIFBSSU1BUlkgS0VZIEFVVE9fSU5DUkVNRU5ULAogICAgb3JkZXJfaWQgSU5UIE5PVCBOVUxMLAogICAgcHJvZHVjdF9pZCBJTlQgTk9UIE5VTEwsCiAgICBxdWFudGl0eSBJTlQgTk9UIE5VTEwsCiAgICBwcmljZSBJTlQgTk9UIE5VTEwsCiAgICBGT1JFSUdOIEtFWSAob3JkZXJfaWQpIFJFRkVSRU5DRVMgb3JkZXJzKGlkKSwKICAgIEZPUkVJR04gS0VZIChwcm9kdWN0X2lkKSBSRUZFUkVOQ0VTIHByb2R1Y3RzKGlkKQopOwoKQ1JFQVRFIFRBQkxFIElGIE5PVCBFWElTVFMgYm9hcmQgKAogICAgaWQgSU5UIFBSSU1BUlkgS0VZIEFVVE9fSU5DUkVNRU5ULAogICAgdXNlcl9pZCBJTlQgTk9UIE5VTEwsCiAgICB0aXRsZSBWQVJDSEFSKDIwMCkgTk9UIE5VTEwsCiAgICBjb250ZW50IFRFWFQgTk9UIE5VTEwsCiAgICBjcmVhdGVkX2F0IFRJTUVTVEFNUCBERUZBVUxUIENVUlJFTlRfVElNRVNUQU1QLAogICAgRk9SRUlHTiBLRVkgKHVzZXJfaWQpIFJFRkVSRU5DRVMgdXNlcnMoaWQpCik7CgpDUkVBVEUgVEFCTEUgSUYgTk9UIEVYSVNUUyByZXZpZXdzICgKICAgIGlkIElOVCBQUklNQVJZIEtFWSBBVVRPX0lOQ1JFTUVOVCwKICAgIHByb2R1Y3RfaWQgSU5UIE5PVCBOVUxMLAogICAgdXNlcl9pZCBJTlQgTk9UIE5VTEwsCiAgICByYXRpbmcgSU5UIE5PVCBOVUxMLAogICAgY29udGVudCBURVhUIE5PVCBOVUxMLAogICAgY3JlYXRlZF9hdCBUSU1FU1RBTVAgREVGQVVMVCBDVVJSRU5UX1RJTUVTVEFNUCwKICAgIEZPUkVJR04gS0VZIChwcm9kdWN0X2lkKSBSRUZFUkVOQ0VTIHByb2R1Y3RzKGlkKSwKICAgIEZPUkVJR04gS0VZICh1c2VyX2lkKSBSRUZFUkVOQ0VTIHVzZXJzKGlkKQopOwoKQ1JFQVRFIFRBQkxFIElGIE5PVCBFWElTVFMgd2lzaGxpc3QgKAogICAgaWQgSU5UIFBSSU1BUlkgS0VZIEFVVE9fSU5DUkVNRU5ULAogICAgdXNlcl9pZCBJTlQgTk9UIE5VTEwsCiAgICBwcm9kdWN0X2lkIElOVCBOT1QgTlVMTCwKICAgIGNyZWF0ZWRfYXQgVElNRVNUQU1QIERFRkFVTFQgQ1VSUkVOVF9USU1FU1RBTVAsCiAgICBGT1JFSUdOIEtFWSAodXNlcl9pZCkgUkVGRVJFTkNFUyB1c2VycyhpZCksCiAgICBGT1JFSUdOIEtFWSAocHJvZHVjdF9pZCkgUkVGRVJFTkNFUyBwcm9kdWN0cyhpZCksCiAgICBVTklRVUUgS0VZIHVzZXJfcHJvZHVjdCAodXNlcl9pZCwgcHJvZHVjdF9pZCkKKTsKCi0tIFJlc2V0IFByb2R1Y3RzIChGSyBieXBhc3MgZm9yIGlkZW1wb3RlbmN5KQpTRVQgRk9SRUlHTl9LRVlfQ0hFQ0tTPTA7ClRSVU5DQVRFIFRBQkxFIHByb2R1Y3RzOwpBTFRFUiBUQUJMRSBwcm9kdWN0cyBBVVRPX0lOQ1JFTUVOVCA9IDE7CgpJTlNFUlQgSU5UTyBwcm9kdWN0cyAoY2F0ZWdvcnksIG5hbWUsIGRlc2NyaXB0aW9uLCBwcmljZSwgc3RvY2ssIGltYWdlX3VybCkgVkFMVUVTCignRWxlY3Ryb25pY3MnLCAn7ZSE66as66+47JeEIO2BrOumrOyKpOuniOyKpCDtirjrpqwg7IS47Yq4JywgJzIuMW0g64yA7ZiVIO2KuOumrOyZgCDsmKTrhIjrqLztirggMjAw6rCcIO2PrO2VqC4g7LWc6rOg6riJIFBWQyDsnqzsp4guJywgMTg5MDAwLCA1MCwgJ2h0dHBzOi8vaW1hZ2VzLnVuc3BsYXNoLmNvbS9waG90by0xNTc2OTE5MjI4MjM2LWEwOTdjMzJhNWNkND93PTQwMCcpLAooJ0VsZWN0cm9uaWNzJywgJzRLIOyKpOuniO2KuCBUViA2NeyduOy5mCcsICdMRyBPTEVEIO2MqOuEkCwgSERSMTArLCDsiqTrp4jtirgg6riw64qlLicsIDE1OTAwMDAsIDMwLCAnaHR0cHM6Ly9pbWFnZXMudW5zcGxhc2guY29tL3Bob3RvLTE1OTMzNTk2Nzc4NzktYTRiYjkyZjgyOWQxP3c9NDAwJyksCignRWxlY3Ryb25pY3MnLCAn66y07ISgIOu4lOujqO2IrOyKpCDsnbTslrTtj7AgUHJvJywgJ+uFuOydtOymiCDsupTsiqzrp4EoQU5DKSwgMjTsi5zqsIQg67Cw7YSw66asLicsIDE1OTAwMCwgMjAwLCAnaHR0cHM6Ly9pbWFnZXMudW5zcGxhc2guY29tL3Bob3RvLTE1OTA2NTgyNjgwMzctNmJmMTIxNjVhOGRmP3c9NDAwJyksCignRWxlY3Ryb25pY3MnLCAn6rKM7J2067CNIOuFuO2KuOu2gSBSVFggNDA3MCcsICdpOS0xMzkwMEgsIDMyR0IgUkFNLCAxVEIgU1NELicsIDIzOTAwMDAsIDE1LCAnaHR0cHM6Ly9pbWFnZXMudW5zcGxhc2guY29tL3Bob3RvLTE1MjU1NDc3MTk1NzEtYTJkNGFjODk0NWUyP3c9NDAwJyksCignRWxlY3Ryb25pY3MnLCAn6riw6rOE7IudIO2CpOuztOuTnCAo7LKt7LaVKScsICdSR0Ig67Cx65287J207Yq4LCDssrTrpqwg7Iqk7JyE7LmYLCDslYzro6jrr7jrioQg67CU65SULicsIDEyOTAwMCwgMTAwLCAnaHR0cHM6Ly9pbWFnZXMudW5zcGxhc2guY29tL3Bob3RvLTE2MTgzODQ4ODc5MjktMTZlYzMzZmFiOWVmP3c9NDAwJyksCignRmFzaGlvbicsICfsupDsi5zrr7jslrQg66GxIOy9lO2KuCcsICcxMDAlIOy6kOyLnOuvuOyWtCwg7J207YOI66as7JWEIOybkOuLqC4nLCA0NTAwMDAsIDIwLCAnaHR0cHM6Ly9pbWFnZXMudW5zcGxhc2guY29tL3Bob3RvLTE1Mzk1MzMwMTg0NDctNjNmY2NlMjY3OGUzP3c9NDAwJyksCignRmFzaGlvbicsICftlITrpqzrr7jsl4Qg6rCA7KO9IOyekOy8kycsICfsspzsl7Ag7JaR6rCA7KO9LCDtlbjrk5zrqZTsnbTrk5wuJywgMzIwMDAwLCAzMCwgJ2h0dHBzOi8vaW1hZ2VzLnVuc3BsYXNoLmNvbS9waG90by0xNTUxMDI4NzE5LTAwMTY3YjE2ZWFjNT93PTQwMCcpLAooJ0Zhc2hpb24nLCAn7YG0656Y7IudIOybjOy5mCcsICfsmKTthqDrp6Tti7Eg66y067iM66i87Yq4LCDsgqztjIzsnbTslrQg6riA656Y7IqkLicsIDU2MDAwMCwgMTUsICdodHRwczovL2ltYWdlcy51bnNwbGFzaC5jb20vcGhvdG8tMTUyMjMxMjM0NjM3NS1kMWE1MmUyYjk5YjM/dz00MDAnKSwKKCdGYXNoaW9uJywgJ+ufrOuLne2ZlCBVbHRyYSBCb29zdCcsICfstZzqs6DsnZgg7L+g7IWU64udLCDqsr3rn4ntmZQg65SU7J6Q7J24LicsIDE0OTAwMCwgODAsICdodHRwczovL2ltYWdlcy51bnNwbGFzaC5jb20vcGhvdG8tMTU0MjI5MTAyNi03ZWVjMjY0YzI3ZmY/dz00MDAnKSwKKCdGYXNoaW9uJywgJ+uUlOyekOydtOuEiCDtlbjrk5zrsLEnLCAn7Iah7JWE7KeAIOqwgOyjvSwg7Iuc6re464uI7LKYIOuhnOqzoC4nLCA4OTAwMDAsIDEwLCAnaHR0cHM6Ly9pbWFnZXMudW5zcGxhc2guY29tL3Bob3RvLTE1NDgwMzYzMjgtYzlmYTg5ZDEyOGZhP3c9NDAwJyksCignTGl2aW5nJywgJzbsnbjsmqkg7Lqg7ZWRIO2FkO2KuCcsICfrgrTsiJjslZUgMzAwMG1tLCDsnbTspJEg67Cp7Lap66edLicsIDMyMDAwMCwgNDAsICdodHRwczovL2ltYWdlcy51bnNwbGFzaC5jb20vcGhvdG8tMTQ3ODgyNzUzNjExNC1kYTk2MWI3Zjg2ZDI/dz00MDAnKSwKKCdMaXZpbmcnLCAn66y07ISgIOyyreyGjOq4sCBWMTUnLCAnMjIwQVcg7Z2h7J6F66ClLCDroIjsnbTsoIAg65SU7YWN7Yq4LicsIDg5MDAwMCwgNTAsICdodHRwczovL2ltYWdlcy51bnNwbGFzaC5jb20vcGhvdG8tMTU1ODMxNzM3NC0wNjdmYjVmMzAwMDE/dz00MDAnKSwKKCdMaXZpbmcnLCAn7JeQ7Iqk7ZSE66CI7IaMIOuouOyLoCcsICcxOUJhciDtjoztlIQg7JWV66ClLCDsiqTtjIAg6riw64qlLicsIDY1MDAwMCwgMzAsICdodHRwczovL2ltYWdlcy51bnNwbGFzaC5jb20vcGhvdG8tMTUxNzY2ODgwODgyMi05ZWJiMDJmMmEwZTY/dz00MDAnKSwKKCdMaXZpbmcnLCAn7JuQ66qpIOyLne2DgSDshLjtirgnLCAn7Zi465GQ64KY66y0IOybkOuqqSwgNOyduOyaqSDsnZjsnpAg7Y+s7ZWoLicsIDEyMDAwMDAsIDUsICdodHRwczovL2ltYWdlcy51bnNwbGFzaC5jb20vcGhvdG8tMTU1NTA0MTQ2OS1hNTg2YzYxZWE5YmM/dz00MDAnKSwKKCdGb29kJywgJ+2UhOumrOuvuOyXhCDtlZzsmrAg7IS47Yq4IDErKycsICfrk7Hsi6wsIOyViOyLrCwg7LGE64GdIDFrZy4nLCAyNTAwMDAsIDEwMCwgJ2h0dHBzOi8vaW1hZ2VzLnVuc3BsYXNoLmNvbS9waG90by0xNjA3NjIzODE0MDc1LWU1MWRmMWJkYzgyZj93PTQwMCcpLAooJ0Zvb2QnLCAn7Jyg6riw64aNIOqzvOydvCDrsJTqtazri4gnLCAn7KCc7LKgIOqzvOydvCA17KKFLCDshKDrrLwg7Y+s7J6lLicsIDg5MDAwLCA1MCwgJ2h0dHBzOi8vaW1hZ2VzLnVuc3BsYXNoLmNvbS9waG90by0xNjE5NTY2NjM2ODU4LWFkZjNlZjQ2NDAwYj93PTQwMCcpLAooJ0Zvb2QnLCAn7IiY7KCcIOy0iOy9nOumvyDshLjtirgnLCAn67Ko6riw7JeQ7IKwIOy0iOy9nOumvyAyNOq1rC4nLCA0NTAwMCwgMjAwLCAnaHR0cHM6Ly9pbWFnZXMudW5zcGxhc2guY29tL3Bob3RvLTE1NDkwMDc5OTQtY2I5MmNhZWJkNTRiP3c9NDAwJyksCignRm9vZCcsICfsmYDsnbgg7ISg66y8IOyEuO2KuCcsICftlITrnpHsiqQg67O066W064+EIOugiOuTnOyZgOyduCAy67ORLicsIDc1MDAwLCA2MCwgJ2h0dHBzOi8vaW1hZ2VzLnVuc3BsYXNoLmNvbS9waG90by0xNTEwODEyNDMxNDAxLTQxZDJiZDI3MjJmMz93PTQwMCcpLAooJ0Jvb2tzJywgJ+uyoOyKpO2KuOyFgOufrCDshozshKQg7IS47Yq4JywgJzIwMjUg7IOB67CY6riwIOuyoOyKpO2KuCA16raMLicsIDY1MDAwLCAxNTAsICdodHRwczovL2ltYWdlcy51bnNwbGFzaC5jb20vcGhvdG8tMTU0NDk0Nzk1MC1mYTA3YTk4ZDIzN2Y/dz00MDAnKSwKKCdCb29rcycsICdJVCDquLDsiKAg7ISc7KCBIO2MqO2CpOyngCcsICftgbTrnbzsmrDrk5wsIOuztOyViCwgQUkg7J6F66y47IScLicsIDEyMDAwMCwgMzAsICdodHRwczovL2ltYWdlcy51bnNwbGFzaC5jb20vcGhvdG8tMTUzMjAxMjE5NzI2Ny1kYTg0ZDEyN2U3NjU/dz00MDAnKTsKClNFVCBGT1JFSUdOX0tFWV9DSEVDS1M9MTsKRU9TUUwKCm15c3FsIC1oICJ3d3ctbXlzcWwtc2VydmVyLWQ1Z20ubXlzcWwuZGF0YWJhc2UuYXp1cmUuY29tIiAtdSAid3d3IiAtcCJJdDEyMzQ1ISIgInd3d19zcWwiIDwgL3RtcC9pbml0X2RiLnNxbCAyPiYxIHwgdGVlIC1hICIvdmFyL2xvZy93YXNfaW5pdC5sb2ciCnJtIC1mIC90bXAvaW5pdF9kYi5zcWwKCmxvZyAiU2VlZGluZyBVc2Vycy4uLiIKY2F0IDw8J0VPUEgnID4gL3Zhci93d3cvaHRtbC9zZWVkX3VzZXJzLnBocAo8P3BocAppbmNsdWRlICdkYl9jb25maWcucGhwJzsKJGNvbm4gPSBnZXREYkNvbm5lY3Rpb24oJ3dyaXRlJyk7CgokdXNlcnMgPSBbCiAgICBbJ2FkbWluQDA0d3d3LmNsb3VkJywgJ0l0MTIzNDUhJywgJ+q0gOumrOyekCcsICdhZG1pbiddLAogICAgWydzdXBwb3J0QDA0d3d3LmNsb3VkJywgJ0l0MTIzNDUhJywgJ+qzoOqwneyEvO2EsCcsICdhZG1pbiddLAogICAgWyd1c2VyMUAwNHd3dy5jbG91ZCcsICdJdDEyMzQ1IScsICdVc2VyIDEnLCAndXNlciddLAogICAgWyd1c2VyMkAwNHd3dy5jbG91ZCcsICdJdDEyMzQ1IScsICdVc2VyIDInLCAndXNlciddLAogICAgWyd3d3dAMDR3d3cuY2xvdWQnLCAnSXQxMjM0NSEnLCAnV1dXIFNlcnZpY2UnLCAnYWRtaW4nXSwKICAgIFsnZ3Vlc3RAMDR3d3cuY2xvdWQnLCAnSXQxMjM0NSEnLCAnR3Vlc3QgVXNlcicsICd1c2VyJ10KXTsKCmZvcmVhY2ggKCR1c2VycyBhcyAkdSkgewogICAgJGNoayA9ICRjb25uLT5wcmVwYXJlKCJTRUxFQ1QgaWQgRlJPTSB1c2VycyBXSEVSRSB1c2VybmFtZT0/Iik7CiAgICAkY2hrLT5iaW5kX3BhcmFtKCJzIiwgJHVbMF0pOwogICAgJGNoay0+ZXhlY3V0ZSgpOwogICAgaWYgKCEkY2hrLT5nZXRfcmVzdWx0KCktPmZldGNoX2Fzc29jKCkpIHsKICAgICAgICAkaGFzaCA9IHBhc3N3b3JkX2hhc2goJHVbMV0sIFBBU1NXT1JEX0JDUllQVCk7CiAgICAgICAgJGlucyA9ICRjb25uLT5wcmVwYXJlKCJJTlNFUlQgSU5UTyB1c2VycyAodXNlcm5hbWUsIHBhc3N3b3JkLCByZWFsX25hbWUsIHJvbGUpIFZBTFVFUyAoPywgPywgPywgPykiKTsKICAgICAgICAkaW5zLT5iaW5kX3BhcmFtKCJzc3NzIiwgJHVbMF0sICRoYXNoLCAkdVsyXSwgJHVbM10pOwogICAgICAgICRpbnMtPmV4ZWN1dGUoKTsKICAgICAgICBlY2hvICJTZWVkZWQ6IHskdVswXX1cbiI7CiAgICB9Cn0KPz4KRU9QSApwaHAgL3Zhci93d3cvaHRtbC9zZWVkX3VzZXJzLnBocCA+PiAiL3Zhci9sb2cvd2FzX2luaXQubG9nIgpybSAtZiAvdmFyL3d3dy9odG1sL3NlZWRfdXNlcnMucGhwCgpsb2cgIkRlcGxveWluZyBBcHBsaWNhdGlvbi4uLiIKCmNhdCA8PCdFT0YnID4gL3Zhci93d3cvaHRtbC9oZWFkZXIucGhwCjw/cGhwCmlmKHNlc3Npb25fc3RhdHVzKCkgPT09IFBIUF9TRVNTSU9OX05PTkUpIHNlc3Npb25fc3RhcnQoKTsKaW5jbHVkZV9vbmNlICdkYl9jb25maWcucGhwJzsKCiRjdXJyZW50VXNlciA9IG51bGw7CmlmIChpc3NldCgkX0NPT0tJRVsnbHVwYW5nX3Rva2VuJ10pKSB7CiAgICAkZGVjb2RlZCA9IGJhc2U2NF9kZWNvZGUoJF9DT09LSUVbJ2x1cGFuZ190b2tlbiddKTsKICAgICRqc29uID0ganNvbl9kZWNvZGUoJGRlY29kZWQsIHRydWUpOwogICAgaWYgKCRqc29uICYmIGlzc2V0KCRqc29uWyd1c2VybmFtZSddKSkgewogICAgICAgICRjdXJyZW50VXNlciA9ICRqc29uOwogICAgfQp9Cj8+CjwhRE9DVFlQRSBodG1sPgo8aHRtbCBsYW5nPSJrbyI+CjxoZWFkPgogICAgPG1ldGEgY2hhcnNldD0iVVRGLTgiPgogICAgPG1ldGEgbmFtZT0idmlld3BvcnQiIGNvbnRlbnQ9IndpZHRoPWRldmljZS13aWR0aCwgaW5pdGlhbC1zY2FsZT0xLjAiPgogICAgPHRpdGxlPkxVUEFORyB8IFByZW1pdW0gU2hvcHBpbmc8L3RpdGxlPgogICAgPGxpbmsgaHJlZj0iaHR0cHM6Ly9jZG5qcy5jbG91ZGZsYXJlLmNvbS9hamF4L2xpYnMvZm9udC1hd2Vzb21lLzYuNC4wL2Nzcy9hbGwubWluLmNzcyIgcmVsPSJzdHlsZXNoZWV0Ij4KICAgIDxsaW5rIGhyZWY9Imh0dHBzOi8vZm9udHMuZ29vZ2xlYXBpcy5jb20vY3NzMj9mYW1pbHk9Tm90bytTYW5zK0tSOndnaHRAMzAwOzQwMDs3MDA7OTAwJmRpc3BsYXk9c3dhcCIgcmVsPSJzdHlsZXNoZWV0Ij4KICAgIDxsaW5rIGhyZWY9Imh0dHBzOi8vY2RuLmpzZGVsaXZyLm5ldC9ucG0vYm9vdHN0cmFwQDUuMy4wL2Rpc3QvY3NzL2Jvb3RzdHJhcC5taW4uY3NzIiByZWw9InN0eWxlc2hlZXQiPgogICAgPHNjcmlwdCBzcmM9Imh0dHBzOi8vY2RuLmpzZGVsaXZyLm5ldC9ucG0vY2hhcnQuanMiPjwvc2NyaXB0PgogICAgPHN0eWxlPgogICAgICAgIDpyb290IHsKICAgICAgICAgICAgLS1iZy1jb2xvcjogIzEyMTIxMjsKICAgICAgICAgICAgLS1jYXJkLWJnOiAjMWUxZTFlOwogICAgICAgICAgICAtLXRleHQtbWFpbjogI2ZmZmZmZjsKICAgICAgICAgICAgLS10ZXh0LXN1YjogI2EwYTBhMDsKICAgICAgICAgICAgLS1hY2NlbnQ6ICNlNjAwMjM7CiAgICAgICAgICAgIC0tYWNjZW50LWhvdmVyOiAjZmYyZjRmOwogICAgICAgICAgICAtLWJvcmRlci1jb2xvcjogIzMzMzsKICAgICAgICAgICAgLS1zdWNjZXNzOiAjMDBjODUzOwogICAgICAgICAgICAtLXdhcm5pbmc6ICNmZmMxMDc7CiAgICAgICAgfQogICAgICAgIGJvZHkgeyBiYWNrZ3JvdW5kLWNvbG9yOiB2YXIoLS1iZy1jb2xvcik7IGNvbG9yOiB2YXIoLS10ZXh0LW1haW4pOyBmb250LWZhbWlseTogJ05vdG8gU2FucyBLUicsIHNhbnMtc2VyaWY7IH0KICAgICAgICAubmF2YmFyLWx1cGFuZyB7IGJhY2tncm91bmQtY29sb3I6IHJnYmEoMTgsIDE4LCAxOCwgMC45OCk7IGJvcmRlci1ib3R0b206IDFweCBzb2xpZCB2YXIoLS1ib3JkZXItY29sb3IpOyBiYWNrZHJvcC1maWx0ZXI6IGJsdXIoMTBweCk7IH0KICAgICAgICAubG9nbyB7IGZvbnQtc2l6ZTogMS44cmVtOyBmb250LXdlaWdodDogOTAwOyBsZXR0ZXItc3BhY2luZzogLTFweDsgY29sb3I6IHZhcigtLWFjY2VudCk7IHRleHQtZGVjb3JhdGlvbjogbm9uZTsgfQogICAgICAgIC5sb2dvOmhvdmVyIHsgY29sb3I6IHZhcigtLWFjY2VudC1ob3Zlcik7IHRleHQtc2hhZG93OiAwIDAgMjBweCByZ2JhKDIzMCwwLDM1LDAuNSk7IH0KICAgICAgICAubmF2LWxpbmsgeyBjb2xvcjogdmFyKC0tdGV4dC1zdWIpOyB0cmFuc2l0aW9uOiAwLjNzOyB9CiAgICAgICAgLm5hdi1saW5rOmhvdmVyIHsgY29sb3I6IHdoaXRlOyB9CiAgICAgICAgLmJ0bi1sdXBhbmcgeyBiYWNrZ3JvdW5kOiBsaW5lYXItZ3JhZGllbnQoMTM1ZGVnLCB2YXIoLS1hY2NlbnQpLCAjZmY0NzU3KTsgY29sb3I6IHdoaXRlOyBib3JkZXI6IG5vbmU7IHRyYW5zaXRpb246IGFsbCAwLjNzOyB9CiAgICAgICAgLmJ0bi1sdXBhbmc6aG92ZXIgeyBiYWNrZ3JvdW5kOiBsaW5lYXItZ3JhZGllbnQoMTM1ZGVnLCAjZmYyZjRmLCAjZmY2YjgxKTsgY29sb3I6IHdoaXRlOyB0cmFuc2Zvcm06IHRyYW5zbGF0ZVkoLTJweCk7IGJveC1zaGFkb3c6IDAgNXB4IDIwcHggcmdiYSgyMzAsMCwzNSwwLjQpOyB9CiAgICAgICAgCiAgICAgICAgLyogRW5oYW5jZWQgQ2FyZCBTdHlsZXMgKi8KICAgICAgICAucHJvZHVjdC1jYXJkIHsgdHJhbnNpdGlvbjogYWxsIDAuM3MgZWFzZTsgYm9yZGVyOiAxcHggc29saWQgdmFyKC0tYm9yZGVyLWNvbG9yKTsgb3ZlcmZsb3c6IGhpZGRlbjsgfQogICAgICAgIC5wcm9kdWN0LWNhcmQ6aG92ZXIgeyB0cmFuc2Zvcm06IHRyYW5zbGF0ZVkoLTEwcHgpOyBib3gtc2hhZG93OiAwIDIwcHggNDBweCByZ2JhKDAsMCwwLDAuNCk7IGJvcmRlci1jb2xvcjogdmFyKC0tYWNjZW50KTsgfQogICAgICAgIC5wcm9kdWN0LWNhcmQgLmNhcmQtaW1nLXRvcCB7IHRyYW5zaXRpb246IHRyYW5zZm9ybSAwLjVzIGVhc2U7IGhlaWdodDogMjAwcHg7IG9iamVjdC1maXQ6IGNvdmVyOyB9CiAgICAgICAgLnByb2R1Y3QtY2FyZDpob3ZlciAuY2FyZC1pbWctdG9wIHsgdHJhbnNmb3JtOiBzY2FsZSgxLjEpOyB9CiAgICAgICAgLnByb2R1Y3QtY2FyZCAuY2FyZC1pbWctd3JhcHBlciB7IG92ZXJmbG93OiBoaWRkZW47IHBvc2l0aW9uOiByZWxhdGl2ZTsgfQogICAgICAgIC5wcm9kdWN0LWNhcmQgLmRpc2NvdW50LWJhZGdlIHsgcG9zaXRpb246IGFic29sdXRlOyB0b3A6IDEwcHg7IGxlZnQ6IDEwcHg7IGJhY2tncm91bmQ6IHZhcigtLWFjY2VudCk7IGNvbG9yOiB3aGl0ZTsgcGFkZGluZzogNXB4IDEwcHg7IGJvcmRlci1yYWRpdXM6IDIwcHg7IGZvbnQtc2l6ZTogMC44cmVtOyBmb250LXdlaWdodDogYm9sZDsgei1pbmRleDogMTA7IH0KICAgICAgICAucHJvZHVjdC1jYXJkIC53aXNobGlzdC1idG4geyBwb3NpdGlvbjogYWJzb2x1dGU7IHRvcDogMTBweDsgcmlnaHQ6IDEwcHg7IGJhY2tncm91bmQ6IHJnYmEoMCwwLDAsMC42KTsgYm9yZGVyOiBub25lOyBjb2xvcjogd2hpdGU7IHdpZHRoOiAzNnB4OyBoZWlnaHQ6IDM2cHg7IGJvcmRlci1yYWRpdXM6IDUwJTsgY3Vyc29yOiBwb2ludGVyOyB0cmFuc2l0aW9uOiBhbGwgMC4zczsgei1pbmRleDogMTA7IH0KICAgICAgICAucHJvZHVjdC1jYXJkIC53aXNobGlzdC1idG46aG92ZXIgeyBiYWNrZ3JvdW5kOiB2YXIoLS1hY2NlbnQpOyB0cmFuc2Zvcm06IHNjYWxlKDEuMSk7IH0KICAgICAgICAucHJvZHVjdC1jYXJkIC53aXNobGlzdC1idG4uYWN0aXZlIHsgYmFja2dyb3VuZDogdmFyKC0tYWNjZW50KTsgfQogICAgICAgIC5wcm9kdWN0LWNhcmQgLnJhdGluZyB7IGNvbG9yOiAjZmZjMTA3OyBmb250LXNpemU6IDAuODVyZW07IH0KICAgICAgICAKICAgICAgICAvKiBTZWFyY2ggRm9ybSAqLwogICAgICAgIC5zZWFyY2gtZm9ybSB7IG1heC13aWR0aDogNDAwcHg7IH0KICAgICAgICAuc2VhcmNoLWZvcm0gLmZvcm0tY29udHJvbCB7IGJhY2tncm91bmQ6ICMyYTJhMmE7IGJvcmRlcjogMXB4IHNvbGlkICM0NDQ7IGNvbG9yOiB3aGl0ZTsgYm9yZGVyLXJhZGl1czogMjVweCAwIDAgMjVweDsgfQogICAgICAgIC5zZWFyY2gtZm9ybSAuZm9ybS1jb250cm9sOmZvY3VzIHsgYmFja2dyb3VuZDogIzMzMzsgYm9yZGVyLWNvbG9yOiB2YXIoLS1hY2NlbnQpOyBib3gtc2hhZG93OiAwIDAgMCAycHggcmdiYSgyMzAsMCwzNSwwLjIpOyB9CiAgICAgICAgLnNlYXJjaC1mb3JtIC5mb3JtLWNvbnRyb2w6OnBsYWNlaG9sZGVyIHsgY29sb3I6ICM4ODg7IH0KICAgICAgICAuc2VhcmNoLWZvcm0gLmJ0biB7IGJvcmRlci1yYWRpdXM6IDAgMjVweCAyNXB4IDA7IH0KICAgICAgICAKICAgICAgICAvKiBDYXRlZ29yeSBQaWxscyAqLwogICAgICAgIC5jYXRlZ29yeS1waWxscyB7IGRpc3BsYXk6IGZsZXg7IGdhcDogMTBweDsgZmxleC13cmFwOiB3cmFwOyBtYXJnaW4tYm90dG9tOiAyMHB4OyB9CiAgICAgICAgLmNhdGVnb3J5LXBpbGwgeyBwYWRkaW5nOiA4cHggMjBweDsgYmFja2dyb3VuZDogdmFyKC0tY2FyZC1iZyk7IGJvcmRlcjogMXB4IHNvbGlkIHZhcigtLWJvcmRlci1jb2xvcik7IGJvcmRlci1yYWRpdXM6IDI1cHg7IGNvbG9yOiB2YXIoLS10ZXh0LXN1Yik7IHRleHQtZGVjb3JhdGlvbjogbm9uZTsgdHJhbnNpdGlvbjogYWxsIDAuM3M7IH0KICAgICAgICAuY2F0ZWdvcnktcGlsbDpob3ZlciwgLmNhdGVnb3J5LXBpbGwuYWN0aXZlIHsgYmFja2dyb3VuZDogdmFyKC0tYWNjZW50KTsgYm9yZGVyLWNvbG9yOiB2YXIoLS1hY2NlbnQpOyBjb2xvcjogd2hpdGU7IH0KICAgICAgICAKICAgICAgICAvKiBDYXJvdXNlbCAqLwogICAgICAgIC5oZXJvLWNhcm91c2VsIC5jYXJvdXNlbC1pdGVtIHsgaGVpZ2h0OiA0MDBweDsgYmFja2dyb3VuZC1zaXplOiBjb3ZlcjsgYmFja2dyb3VuZC1wb3NpdGlvbjogY2VudGVyOyB9CiAgICAgICAgLmhlcm8tY2Fyb3VzZWwgLmNhcm91c2VsLWNhcHRpb24geyBiYWNrZ3JvdW5kOiByZ2JhKDAsMCwwLDAuNik7IHBhZGRpbmc6IDMwcHg7IGJvcmRlci1yYWRpdXM6IDE1cHg7IGJhY2tkcm9wLWZpbHRlcjogYmx1cig1cHgpOyB9CiAgICAgICAgLmhlcm8tY2Fyb3VzZWwgLmNhcm91c2VsLWluZGljYXRvcnMgYnV0dG9uIHsgd2lkdGg6IDEycHg7IGhlaWdodDogMTJweDsgYm9yZGVyLXJhZGl1czogNTAlOyB9CiAgICAgICAgCiAgICAgICAgLyogU3RhciBSYXRpbmcgKi8KICAgICAgICAuc3Rhci1yYXRpbmcgeyBjb2xvcjogI2ZmYzEwNzsgfQogICAgICAgIC5zdGFyLXJhdGluZyAuZW1wdHkgeyBjb2xvcjogIzU1NTsgfQogICAgICAgIAogICAgICAgIHRhYmxlIHsgY29sb3I6IHZhcigtLXRleHQtbWFpbik7IH0KICAgICAgICAKICAgICAgICAvKiBEcm9wZG93biBNZW51ICovCiAgICAgICAgLmRyb3Bkb3duLW1lbnUtZGFyayB7IGJhY2tncm91bmQ6ICMxZTFlMWU7IGJvcmRlcjogMXB4IHNvbGlkICMzMzM7IH0KICAgICAgICAuZHJvcGRvd24tbWVudS1kYXJrIC5kcm9wZG93bi1pdGVtIHsgY29sb3I6ICNjY2M7IH0KICAgICAgICAuZHJvcGRvd24tbWVudS1kYXJrIC5kcm9wZG93bi1pdGVtOmhvdmVyIHsgYmFja2dyb3VuZDogdmFyKC0tYWNjZW50KTsgY29sb3I6IHdoaXRlOyB9CiAgICA8L3N0eWxlPgo8L2hlYWQ+Cjxib2R5Pgo8bmF2IGNsYXNzPSJuYXZiYXIgbmF2YmFyLWV4cGFuZC1sZyBuYXZiYXItZGFyayBuYXZiYXItbHVwYW5nIHN0aWNreS10b3AiPgogIDxkaXYgY2xhc3M9ImNvbnRhaW5lciI+CiAgICA8YSBjbGFzcz0ibmF2YmFyLWJyYW5kIGxvZ28iIGhyZWY9Ii8iPkxVUEFORzwvYT4KICAgIDxidXR0b24gY2xhc3M9Im5hdmJhci10b2dnbGVyIiB0eXBlPSJidXR0b24iIGRhdGEtYnMtdG9nZ2xlPSJjb2xsYXBzZSIgZGF0YS1icy10YXJnZXQ9IiNuYXZiYXJUZXh0Ij4KICAgICAgICA8c3BhbiBjbGFzcz0ibmF2YmFyLXRvZ2dsZXItaWNvbiI+PC9zcGFuPgogICAgPC9idXR0b24+CiAgICA8ZGl2IGNsYXNzPSJjb2xsYXBzZSBuYXZiYXItY29sbGFwc2UiIGlkPSJuYXZiYXJUZXh0Ij4KICAgICAgPHVsIGNsYXNzPSJuYXZiYXItbmF2IG1lLWF1dG8gbWItMiBtYi1sZy0wIj4KICAgICAgICA8bGkgY2xhc3M9Im5hdi1pdGVtIGRyb3Bkb3duIj4KICAgICAgICAgIDxhIGNsYXNzPSJuYXYtbGluayBkcm9wZG93bi10b2dnbGUiIGhyZWY9IiMiIHJvbGU9ImJ1dHRvbiIgZGF0YS1icy10b2dnbGU9ImRyb3Bkb3duIj4KICAgICAgICAgICAgPGkgY2xhc3M9ImZhcyBmYS10aC1sYXJnZSBtZS0xIj48L2k+IOy5tO2FjOqzoOumrAogICAgICAgICAgPC9hPgogICAgICAgICAgPHVsIGNsYXNzPSJkcm9wZG93bi1tZW51IGRyb3Bkb3duLW1lbnUtZGFyayI+CiAgICAgICAgICAgIDxsaT48YSBjbGFzcz0iZHJvcGRvd24taXRlbSIgaHJlZj0iLz9jYXRlZ29yeT1FbGVjdHJvbmljcyI+PGkgY2xhc3M9ImZhcyBmYS1sYXB0b3AgbWUtMiI+PC9pPuyghOyekOygnO2SiDwvYT48L2xpPgogICAgICAgICAgICA8bGk+PGEgY2xhc3M9ImRyb3Bkb3duLWl0ZW0iIGhyZWY9Ii8/Y2F0ZWdvcnk9RmFzaGlvbiI+PGkgY2xhc3M9ImZhcyBmYS10c2hpcnQgbWUtMiI+PC9pPu2MqOyFmDwvYT48L2xpPgogICAgICAgICAgICA8bGk+PGEgY2xhc3M9ImRyb3Bkb3duLWl0ZW0iIGhyZWY9Ii8/Y2F0ZWdvcnk9TGl2aW5nIj48aSBjbGFzcz0iZmFzIGZhLWNvdWNoIG1lLTIiPjwvaT7rpqzruZk8L2E+PC9saT4KICAgICAgICAgICAgPGxpPjxhIGNsYXNzPSJkcm9wZG93bi1pdGVtIiBocmVmPSIvP2NhdGVnb3J5PUZvb2QiPjxpIGNsYXNzPSJmYXMgZmEtdXRlbnNpbHMgbWUtMiI+PC9pPuyLne2SiDwvYT48L2xpPgogICAgICAgICAgICA8bGk+PGEgY2xhc3M9ImRyb3Bkb3duLWl0ZW0iIGhyZWY9Ii8/Y2F0ZWdvcnk9Qm9va3MiPjxpIGNsYXNzPSJmYXMgZmEtYm9vayBtZS0yIj48L2k+64+E7IScPC9hPjwvbGk+CiAgICAgICAgICAgIDxsaT48aHIgY2xhc3M9ImRyb3Bkb3duLWRpdmlkZXIiIHN0eWxlPSJib3JkZXItY29sb3I6IzQ0NDsiPjwvbGk+CiAgICAgICAgICAgIDxsaT48YSBjbGFzcz0iZHJvcGRvd24taXRlbSIgaHJlZj0iLyI+PGkgY2xhc3M9ImZhcyBmYS1ib3JkZXItYWxsIG1lLTIiPjwvaT7soITssrTrs7TquLA8L2E+PC9saT4KICAgICAgICAgIDwvdWw+CiAgICAgICAgPC9saT4KICAgICAgPC91bD4KICAgICAgCiAgICAgIDxmb3JtIGNsYXNzPSJkLWZsZXggc2VhcmNoLWZvcm0gbWUtMyIgYWN0aW9uPSJzZWFyY2gucGhwIiBtZXRob2Q9IkdFVCI+CiAgICAgICAgPGlucHV0IGNsYXNzPSJmb3JtLWNvbnRyb2wiIHR5cGU9InNlYXJjaCIgbmFtZT0icSIgcGxhY2Vob2xkZXI9IuyDge2SiCDqsoDsg4kuLi4iIGFyaWEtbGFiZWw9IlNlYXJjaCI+CiAgICAgICAgPGJ1dHRvbiBjbGFzcz0iYnRuIGJ0bi1sdXBhbmciIHR5cGU9InN1Ym1pdCI+PGkgY2xhc3M9ImZhcyBmYS1zZWFyY2giPjwvaT48L2J1dHRvbj4KICAgICAgPC9mb3JtPgogICAgICAKICAgICAgPGRpdiBjbGFzcz0iZC1mbGV4IGFsaWduLWl0ZW1zLWNlbnRlciBnYXAtMyI+CiAgICAgICAgPD9waHAgaWYoJGN1cnJlbnRVc2VyKTogPz4KICAgICAgICAgICAgPGEgaHJlZj0id2lzaGxpc3QucGhwIiBjbGFzcz0ibmF2LWxpbmsiIHRpdGxlPSLsnITsi5zrpqzsiqTtirgiPjxpIGNsYXNzPSJmYXMgZmEtaGVhcnQiPjwvaT48L2E+CiAgICAgICAgICAgIDxhIGhyZWY9ImNhcnQucGhwIiBjbGFzcz0ibmF2LWxpbmsiIHRpdGxlPSLsnqXrsJTqtazri4giPjxpIGNsYXNzPSJmYXMgZmEtc2hvcHBpbmctY2FydCI+PC9pPjwvYT4KICAgICAgICAgICAgPGRpdiBjbGFzcz0iZHJvcGRvd24iPgogICAgICAgICAgICAgIDxhIGNsYXNzPSJuYXYtbGluayBkcm9wZG93bi10b2dnbGUiIGhyZWY9IiMiIHJvbGU9ImJ1dHRvbiIgZGF0YS1icy10b2dnbGU9ImRyb3Bkb3duIj4KICAgICAgICAgICAgICAgIDxpIGNsYXNzPSJmYXMgZmEtdXNlci1jaXJjbGUgbWUtMSI+PC9pPiA8P3BocCBlY2hvIGh0bWxzcGVjaWFsY2hhcnMoJGN1cnJlbnRVc2VyWydyZWFsX25hbWUnXSA/PyAkY3VycmVudFVzZXJbJ3VzZXJuYW1lJ10pOyA/PgogICAgICAgICAgICAgIDwvYT4KICAgICAgICAgICAgICA8dWwgY2xhc3M9ImRyb3Bkb3duLW1lbnUgZHJvcGRvd24tbWVudS1kYXJrIGRyb3Bkb3duLW1lbnUtZW5kIj4KICAgICAgICAgICAgICAgIDxsaT48YSBjbGFzcz0iZHJvcGRvd24taXRlbSIgaHJlZj0ibXlwYWdlLnBocCI+PGkgY2xhc3M9ImZhcyBmYS11c2VyIG1lLTIiPjwvaT7rp4jsnbTtjpjsnbTsp4A8L2E+PC9saT4KICAgICAgICAgICAgICAgIDxsaT48YSBjbGFzcz0iZHJvcGRvd24taXRlbSIgaHJlZj0id2lzaGxpc3QucGhwIj48aSBjbGFzcz0iZmFzIGZhLWhlYXJ0IG1lLTIiPjwvaT7snITsi5zrpqzsiqTtirg8L2E+PC9saT4KICAgICAgICAgICAgICAgIDw/cGhwIGlmKGlzc2V0KCRjdXJyZW50VXNlclsncm9sZSddKSAmJiAkY3VycmVudFVzZXJbJ3JvbGUnXSA9PT0gJ2FkbWluJyk6ID8+CiAgICAgICAgICAgICAgICA8bGk+PGhyIGNsYXNzPSJkcm9wZG93bi1kaXZpZGVyIiBzdHlsZT0iYm9yZGVyLWNvbG9yOiM0NDQ7Ij48L2xpPgogICAgICAgICAgICAgICAgPGxpPjxhIGNsYXNzPSJkcm9wZG93bi1pdGVtIHRleHQtZGFuZ2VyIiBocmVmPSJhZG1pbi5waHAiPjxpIGNsYXNzPSJmYXMgZmEtdG9vbHMgbWUtMiI+PC9pPuq0gOumrOyekDwvYT48L2xpPgogICAgICAgICAgICAgICAgPD9waHAgZW5kaWY7ID8+CiAgICAgICAgICAgICAgICA8bGk+PGhyIGNsYXNzPSJkcm9wZG93bi1kaXZpZGVyIiBzdHlsZT0iYm9yZGVyLWNvbG9yOiM0NDQ7Ij48L2xpPgogICAgICAgICAgICAgICAgPGxpPjxhIGNsYXNzPSJkcm9wZG93bi1pdGVtIiBocmVmPSJsb2dvdXQucGhwIj48aSBjbGFzcz0iZmFzIGZhLXNpZ24tb3V0LWFsdCBtZS0yIj48L2k+66Gc6re47JWE7JuDPC9hPjwvbGk+CiAgICAgICAgICAgICAgPC91bD4KICAgICAgICAgICAgPC9kaXY+CiAgICAgICAgPD9waHAgZWxzZTogPz4KICAgICAgICAgICAgPGEgaHJlZj0ibG9naW4ucGhwIiBjbGFzcz0ibmF2LWxpbmsiPuuhnOq3uOyduDwvYT4KICAgICAgICAgICAgPGEgaHJlZj0icmVnaXN0ZXIucGhwIiBjbGFzcz0iYnRuIGJ0bi1zbSBidG4tbHVwYW5nIj7tmozsm5DqsIDsnoU8L2E+CiAgICAgICAgPD9waHAgZW5kaWY7ID8+CiAgICAgIDwvZGl2PgogICAgPC9kaXY+CiAgPC9kaXY+CjwvbmF2PgoKPGRpdiBjbGFzcz0iY29udGFpbmVyIG10LTQgbWItNSIgc3R5bGU9Im1pbi1oZWlnaHQ6IDgwMHB4OyI+CkVPRgoKY2F0IDw8J0VPRicgPiAvdmFyL3d3dy9odG1sL2Zvb3Rlci5waHAKPC9kaXY+Cjxmb290ZXIgY2xhc3M9InB5LTUiIHN0eWxlPSJiYWNrZ3JvdW5kLWNvbG9yOiAjMGEwYTBhOyBib3JkZXItdG9wOiAxcHggc29saWQgIzIyMjsiPgogICAgPGRpdiBjbGFzcz0iY29udGFpbmVyIj4KICAgICAgICA8ZGl2IGNsYXNzPSJyb3ciPgogICAgICAgICAgICA8ZGl2IGNsYXNzPSJjb2wtbWQtNCBtYi00Ij4KICAgICAgICAgICAgICAgIDxzcGFuIGNsYXNzPSJsb2dvIGZzLTQiPkxVUEFORzwvc3Bhbj4KICAgICAgICAgICAgICAgIDxwIGNsYXNzPSJ0ZXh0LXNlY29uZGFyeSBzbWFsbCBtdC0zIj4KICAgICAgICAgICAgICAgICAgICDrjIDtlZzrr7zqta0gTm8uMSDtlITrpqzrr7jsl4Qg7Ie87ZWR66qwPGJyPgogICAgICAgICAgICAgICAgICAgIOu5oOuluCDrsLDshqEsIOy1nOyggOqwgCDrs7TsnqUKICAgICAgICAgICAgICAgIDwvcD4KICAgICAgICAgICAgPC9kaXY+CiAgICAgICAgICAgIDxkaXYgY2xhc3M9ImNvbC1tZC00IG1iLTQiPgogICAgICAgICAgICAgICAgPGg2IGNsYXNzPSJ0ZXh0LXdoaXRlIG1iLTMiPuqzoOqwnSDshJzruYTsiqQ8L2g2PgogICAgICAgICAgICAgICAgPHVsIGNsYXNzPSJsaXN0LXVuc3R5bGVkIj4KICAgICAgICAgICAgICAgICAgICA8bGk+PGEgaHJlZj0iIyIgY2xhc3M9InRleHQtc2Vjb25kYXJ5IHRleHQtZGVjb3JhdGlvbi1ub25lIHNtYWxsIj7snpDso7wg66y764qUIOyniOusuCAoRkFRKTwvYT48L2xpPgogICAgICAgICAgICAgICAgICAgIDxsaT48YSBocmVmPSIjIiBjbGFzcz0idGV4dC1zZWNvbmRhcnkgdGV4dC1kZWNvcmF0aW9uLW5vbmUgc21hbGwiPjE6MSDrrLjsnZjtlZjquLA8L2E+PC9saT4KICAgICAgICAgICAgICAgICAgICA8bGk+PGEgaHJlZj0iIyIgY2xhc3M9InRleHQtc2Vjb25kYXJ5IHRleHQtZGVjb3JhdGlvbi1ub25lIHNtYWxsIj7rsLDshqEg7KGw7ZqMPC9hPjwvbGk+CiAgICAgICAgICAgICAgICAgICAgPGxpPjxhIGhyZWY9IiMiIGNsYXNzPSJ0ZXh0LXNlY29uZGFyeSB0ZXh0LWRlY29yYXRpb24tbm9uZSBzbWFsbCI+6rWQ7ZmYL+uwmO2SiCDslYjrgrQ8L2E+PC9saT4KICAgICAgICAgICAgICAgIDwvdWw+CiAgICAgICAgICAgIDwvZGl2PgogICAgICAgICAgICA8ZGl2IGNsYXNzPSJjb2wtbWQtNCBtYi00Ij4KICAgICAgICAgICAgICAgIDxoNiBjbGFzcz0idGV4dC13aGl0ZSBtYi0zIj7tmozsgqwg7KCV67O0PC9oNj4KICAgICAgICAgICAgICAgIDx1bCBjbGFzcz0ibGlzdC11bnN0eWxlZCI+CiAgICAgICAgICAgICAgICAgICAgPGxpPjxhIGhyZWY9IiMiIGNsYXNzPSJ0ZXh0LXNlY29uZGFyeSB0ZXh0LWRlY29yYXRpb24tbm9uZSBzbWFsbCI+7ZqM7IKsIOyGjOqwnDwvYT48L2xpPgogICAgICAgICAgICAgICAgICAgIDxsaT48YSBocmVmPSIjIiBjbGFzcz0idGV4dC1zZWNvbmRhcnkgdGV4dC1kZWNvcmF0aW9uLW5vbmUgc21hbGwiPuydtOyaqeyVveq0gDwvYT48L2xpPgogICAgICAgICAgICAgICAgICAgIDxsaT48YSBocmVmPSIjIiBjbGFzcz0idGV4dC1zZWNvbmRhcnkgdGV4dC1kZWNvcmF0aW9uLW5vbmUgc21hbGwiPuqwnOyduOygleuztOyymOumrOuwqey5qDwvYT48L2xpPgogICAgICAgICAgICAgICAgPC91bD4KICAgICAgICAgICAgPC9kaXY+CiAgICAgICAgPC9kaXY+CiAgICAgICAgPGhyIHN0eWxlPSJib3JkZXItY29sb3I6ICMzMzM7Ij4KICAgICAgICA8ZGl2IGNsYXNzPSJ0ZXh0LWNlbnRlciI+CiAgICAgICAgICAgIDxwIGNsYXNzPSJ0ZXh0LXNlY29uZGFyeSBzbWFsbCBtYi0yIj4KICAgICAgICAgICAgICAgICjso7wp66Oo7YyhIHwg7ISc7Jq47Yq567OE7IucIOqwleuCqOq1rCDthYztl6TrnoDroZwgMTIzIHwg6rOg6rCd7IS87YSwOiAxNTg4LTAwMDAKICAgICAgICAgICAgPC9wPgogICAgICAgICAgICA8cCBjbGFzcz0idGV4dC13YXJuaW5nIHNtYWxsIG1iLTIiPgogICAgICAgICAgICAgICAgPGkgY2xhc3M9ImZhcyBmYS1leGNsYW1hdGlvbi10cmlhbmdsZSBtZS0xIj48L2k+IOuzuCDsgqzsnbTtirjripQg66qo7J2Y7ZW07YK5IOyLpOyKteyaqSDqsIDsg4Eg7ZmY6rK97J6F64uI64ukLgogICAgICAgICAgICA8L3A+CiAgICAgICAgICAgIDxkaXYgY2xhc3M9InRleHQtc2Vjb25kYXJ5IG9wYWNpdHktNTAgc21hbGwiPkNvcHlyaWdodCDCqSAyMDI1IExVUEFORyBDb3JwLiBBbGwgUmlnaHRzIFJlc2VydmVkLjwvZGl2PgogICAgICAgIDwvZGl2PgogICAgPC9kaXY+CjwvZm9vdGVyPgo8c2NyaXB0IHNyYz0iaHR0cHM6Ly9jZG4uanNkZWxpdnIubmV0L25wbS9ib290c3RyYXBANS4zLjAvZGlzdC9qcy9ib290c3RyYXAuYnVuZGxlLm1pbi5qcyI+PC9zY3JpcHQ+CjwvYm9keT4KPC9odG1sPgpFT0YKCmNhdCA8PCdFT0YnID4gL3Zhci93d3cvaHRtbC9pbmRleC5waHAKPD9waHAgaW5jbHVkZSAnaGVhZGVyLnBocCc7IAokY29ubiA9IGdldERiQ29ubmVjdGlvbigncmVhZCcpOwoKLy8gQ2F0ZWdvcnkgZmlsdGVyCiRjYXRlZ29yeSA9ICRfR0VUWydjYXRlZ29yeSddID8/ICcnOwokY2F0ZWdvcnlXaGVyZSA9ICRjYXRlZ29yeSA/ICJXSEVSRSBjYXRlZ29yeSA9ICciIC4gJGNvbm4tPnJlYWxfZXNjYXBlX3N0cmluZygkY2F0ZWdvcnkpIC4gIiciIDogIiI7CgovLyBHZXQgcHJvZHVjdHMKJHJlc3VsdCA9ICRjb25uLT5xdWVyeSgiU0VMRUNUICogRlJPTSBwcm9kdWN0cyAkY2F0ZWdvcnlXaGVyZSBPUkRFUiBCWSBpZCBERVNDIik7CgovLyBHZXQgYXZlcmFnZSByYXRpbmdzIGZvciBwcm9kdWN0cwokcmF0aW5nc1F1ZXJ5ID0gJGNvbm4tPnF1ZXJ5KCJTRUxFQ1QgcHJvZHVjdF9pZCwgQVZHKHJhdGluZykgYXMgYXZnX3JhdGluZywgQ09VTlQoKikgYXMgcmV2aWV3X2NvdW50IEZST00gcmV2aWV3cyBHUk9VUCBCWSBwcm9kdWN0X2lkIik7CiRyYXRpbmdzID0gW107CndoaWxlKCRyID0gJHJhdGluZ3NRdWVyeS0+ZmV0Y2hfYXNzb2MoKSkgewogICAgJHJhdGluZ3NbJHJbJ3Byb2R1Y3RfaWQnXV0gPSAkcjsKfQo/PgoKPCEtLSBIZXJvIENhcm91c2VsIC0tPgo8ZGl2IGlkPSJoZXJvQ2Fyb3VzZWwiIGNsYXNzPSJjYXJvdXNlbCBzbGlkZSBoZXJvLWNhcm91c2VsIG1iLTUiIGRhdGEtYnMtcmlkZT0iY2Fyb3VzZWwiIGRhdGEtYnMtaW50ZXJ2YWw9IjQwMDAiPgogICAgPGRpdiBjbGFzcz0iY2Fyb3VzZWwtaW5kaWNhdG9ycyI+CiAgICAgICAgPGJ1dHRvbiB0eXBlPSJidXR0b24iIGRhdGEtYnMtdGFyZ2V0PSIjaGVyb0Nhcm91c2VsIiBkYXRhLWJzLXNsaWRlLXRvPSIwIiBjbGFzcz0iYWN0aXZlIj48L2J1dHRvbj4KICAgICAgICA8YnV0dG9uIHR5cGU9ImJ1dHRvbiIgZGF0YS1icy10YXJnZXQ9IiNoZXJvQ2Fyb3VzZWwiIGRhdGEtYnMtc2xpZGUtdG89IjEiPjwvYnV0dG9uPgogICAgICAgIDxidXR0b24gdHlwZT0iYnV0dG9uIiBkYXRhLWJzLXRhcmdldD0iI2hlcm9DYXJvdXNlbCIgZGF0YS1icy1zbGlkZS10bz0iMiI+PC9idXR0b24+CiAgICA8L2Rpdj4KICAgIDxkaXYgY2xhc3M9ImNhcm91c2VsLWlubmVyIHJvdW5kZWQtNCBvdmVyZmxvdy1oaWRkZW4iPgogICAgICAgIDxkaXYgY2xhc3M9ImNhcm91c2VsLWl0ZW0gYWN0aXZlIiBzdHlsZT0iYmFja2dyb3VuZC1pbWFnZTogbGluZWFyLWdyYWRpZW50KHJnYmEoMCwwLDAsMC40KSwgcmdiYSgwLDAsMCwwLjYpKSwgdXJsKCdodHRwczovL2ltYWdlcy51bnNwbGFzaC5jb20vcGhvdG8tMTYwNzA4MjM0ODgyNC0wYTk2ZjJhNGI5ZGE/dz0xNDAwJyk7Ij4KICAgICAgICAgICAgPGRpdiBjbGFzcz0iY2Fyb3VzZWwtY2FwdGlvbiI+CiAgICAgICAgICAgICAgICA8aDEgY2xhc3M9ImRpc3BsYXktNCBmdy1ib2xkIj7wn46EIFNlYXNvbiBPZmYgU2FsZTwvaDE+CiAgICAgICAgICAgICAgICA8cCBjbGFzcz0ibGVhZCI+7LWc64yAIDcwJSDtlaDsnbghIOuGk+y5mOyngCDrp4jshLjsmpQuPC9wPgogICAgICAgICAgICAgICAgPGEgaHJlZj0iLz9jYXRlZ29yeT1FbGVjdHJvbmljcyIgY2xhc3M9ImJ0biBidG4tbHVwYW5nIGJ0bi1sZyBtdC0yIj7sh7ztlZHtlZjquLAgPGkgY2xhc3M9ImZhcyBmYS1hcnJvdy1yaWdodCBtcy0yIj48L2k+PC9hPgogICAgICAgICAgICA8L2Rpdj4KICAgICAgICA8L2Rpdj4KICAgICAgICA8ZGl2IGNsYXNzPSJjYXJvdXNlbC1pdGVtIiBzdHlsZT0iYmFja2dyb3VuZC1pbWFnZTogbGluZWFyLWdyYWRpZW50KHJnYmEoMCwwLDAsMC40KSwgcmdiYSgwLDAsMCwwLjYpKSwgdXJsKCdodHRwczovL2ltYWdlcy51bnNwbGFzaC5jb20vcGhvdG8tMTQ4Mzk4NTk4ODM1NS03NjM3MjhlMTkzNWI/dz0xNDAwJyk7Ij4KICAgICAgICAgICAgPGRpdiBjbGFzcz0iY2Fyb3VzZWwtY2FwdGlvbiI+CiAgICAgICAgICAgICAgICA8aDEgY2xhc3M9ImRpc3BsYXktNCBmdy1ib2xkIj7wn5GXIEZhc2hpb24gV2VlazwvaDE+CiAgICAgICAgICAgICAgICA8cCBjbGFzcz0ibGVhZCI+7Yq466CM65SU7ZWcIOqyqOyauCDtjKjshZgg7Lus66CJ7IWYPC9wPgogICAgICAgICAgICAgICAgPGEgaHJlZj0iLz9jYXRlZ29yeT1GYXNoaW9uIiBjbGFzcz0iYnRuIGJ0bi1sdXBhbmcgYnRuLWxnIG10LTIiPuy7rOugieyFmCDrs7TquLAgPGkgY2xhc3M9ImZhcyBmYS1hcnJvdy1yaWdodCBtcy0yIj48L2k+PC9hPgogICAgICAgICAgICA8L2Rpdj4KICAgICAgICA8L2Rpdj4KICAgICAgICA8ZGl2IGNsYXNzPSJjYXJvdXNlbC1pdGVtIiBzdHlsZT0iYmFja2dyb3VuZC1pbWFnZTogbGluZWFyLWdyYWRpZW50KHJnYmEoMCwwLDAsMC40KSwgcmdiYSgwLDAsMCwwLjYpKSwgdXJsKCdodHRwczovL2ltYWdlcy51bnNwbGFzaC5jb20vcGhvdG8tMTU1NjkwOTExNC1mNmU3YWQ3ZDMxMzY/dz0xNDAwJyk7Ij4KICAgICAgICAgICAgPGRpdiBjbGFzcz0iY2Fyb3VzZWwtY2FwdGlvbiI+CiAgICAgICAgICAgICAgICA8aDEgY2xhc3M9ImRpc3BsYXktNCBmdy1ib2xkIj7wn42977iPIOunm+yeiOuKlCDshKDrrLw8L2gxPgogICAgICAgICAgICAgICAgPHAgY2xhc3M9ImxlYWQiPu2UhOumrOuvuOyXhCDsi53tkogg6riw7ZqN7KCEPC9wPgogICAgICAgICAgICAgICAgPGEgaHJlZj0iLz9jYXRlZ29yeT1Gb29kIiBjbGFzcz0iYnRuIGJ0bi1sdXBhbmcgYnRuLWxnIG10LTIiPuyLne2SiCDrs7TquLAgPGkgY2xhc3M9ImZhcyBmYS1hcnJvdy1yaWdodCBtcy0yIj48L2k+PC9hPgogICAgICAgICAgICA8L2Rpdj4KICAgICAgICA8L2Rpdj4KICAgIDwvZGl2PgogICAgPGJ1dHRvbiBjbGFzcz0iY2Fyb3VzZWwtY29udHJvbC1wcmV2IiB0eXBlPSJidXR0b24iIGRhdGEtYnMtdGFyZ2V0PSIjaGVyb0Nhcm91c2VsIiBkYXRhLWJzLXNsaWRlPSJwcmV2Ij4KICAgICAgICA8c3BhbiBjbGFzcz0iY2Fyb3VzZWwtY29udHJvbC1wcmV2LWljb24iPjwvc3Bhbj4KICAgIDwvYnV0dG9uPgogICAgPGJ1dHRvbiBjbGFzcz0iY2Fyb3VzZWwtY29udHJvbC1uZXh0IiB0eXBlPSJidXR0b24iIGRhdGEtYnMtdGFyZ2V0PSIjaGVyb0Nhcm91c2VsIiBkYXRhLWJzLXNsaWRlPSJuZXh0Ij4KICAgICAgICA8c3BhbiBjbGFzcz0iY2Fyb3VzZWwtY29udHJvbC1uZXh0LWljb24iPjwvc3Bhbj4KICAgIDwvYnV0dG9uPgo8L2Rpdj4KCjwhLS0gQ2F0ZWdvcnkgUGlsbHMgLS0+CjxkaXYgY2xhc3M9ImNhdGVnb3J5LXBpbGxzIGp1c3RpZnktY29udGVudC1jZW50ZXIgbWItNCI+CiAgICA8YSBocmVmPSIvIiBjbGFzcz0iY2F0ZWdvcnktcGlsbCA8P3BocCBlY2hvICEkY2F0ZWdvcnkgPyAnYWN0aXZlJyA6ICcnOyA/PiI+PGkgY2xhc3M9ImZhcyBmYS1ib3JkZXItYWxsIG1lLTEiPjwvaT4g7KCE7LK0PC9hPgogICAgPGEgaHJlZj0iLz9jYXRlZ29yeT1FbGVjdHJvbmljcyIgY2xhc3M9ImNhdGVnb3J5LXBpbGwgPD9waHAgZWNobyAkY2F0ZWdvcnkgPT09ICdFbGVjdHJvbmljcycgPyAnYWN0aXZlJyA6ICcnOyA/PiI+PGkgY2xhc3M9ImZhcyBmYS1sYXB0b3AgbWUtMSI+PC9pPiDsoITsnpDsoJztkog8L2E+CiAgICA8YSBocmVmPSIvP2NhdGVnb3J5PUZhc2hpb24iIGNsYXNzPSJjYXRlZ29yeS1waWxsIDw/cGhwIGVjaG8gJGNhdGVnb3J5ID09PSAnRmFzaGlvbicgPyAnYWN0aXZlJyA6ICcnOyA/PiI+PGkgY2xhc3M9ImZhcyBmYS10c2hpcnQgbWUtMSI+PC9pPiDtjKjshZg8L2E+CiAgICA8YSBocmVmPSIvP2NhdGVnb3J5PUxpdmluZyIgY2xhc3M9ImNhdGVnb3J5LXBpbGwgPD9waHAgZWNobyAkY2F0ZWdvcnkgPT09ICdMaXZpbmcnID8gJ2FjdGl2ZScgOiAnJzsgPz4iPjxpIGNsYXNzPSJmYXMgZmEtY291Y2ggbWUtMSI+PC9pPiDrpqzruZk8L2E+CiAgICA8YSBocmVmPSIvP2NhdGVnb3J5PUZvb2QiIGNsYXNzPSJjYXRlZ29yeS1waWxsIDw/cGhwIGVjaG8gJGNhdGVnb3J5ID09PSAnRm9vZCcgPyAnYWN0aXZlJyA6ICcnOyA/PiI+PGkgY2xhc3M9ImZhcyBmYS11dGVuc2lscyBtZS0xIj48L2k+IOyLne2SiDwvYT4KICAgIDxhIGhyZWY9Ii8/Y2F0ZWdvcnk9Qm9va3MiIGNsYXNzPSJjYXRlZ29yeS1waWxsIDw/cGhwIGVjaG8gJGNhdGVnb3J5ID09PSAnQm9va3MnID8gJ2FjdGl2ZScgOiAnJzsgPz4iPjxpIGNsYXNzPSJmYXMgZmEtYm9vayBtZS0xIj48L2k+IOuPhOyEnDwvYT4KPC9kaXY+Cgo8ZGl2IGNsYXNzPSJkLWZsZXgganVzdGlmeS1jb250ZW50LWJldHdlZW4gYWxpZ24taXRlbXMtY2VudGVyIG1iLTQiPgogICAgPGgyIGNsYXNzPSJ0ZXh0LXdoaXRlIG1iLTAiPgogICAgICAgIDw/cGhwIGVjaG8gJGNhdGVnb3J5ID8gaHRtbHNwZWNpYWxjaGFycygkY2F0ZWdvcnkpIDogJ+yghOyytCDsg4HtkognOyA/PgogICAgICAgIDxzbWFsbCBjbGFzcz0idGV4dC1zZWNvbmRhcnkgZnMtNiI+KDw/cGhwIGVjaG8gJHJlc3VsdC0+bnVtX3Jvd3M7ID8+6rCcKTwvc21hbGw+CiAgICA8L2gyPgo8L2Rpdj4KCjxkaXYgY2xhc3M9InJvdyBnLTQiPgogICAgPD9waHAgCiAgICAkZGlzY291bnRzID0gWzAsIDAsIDEwLCAxNSwgMjAsIDI1LCAzMCwgMzUsIDQwLCA1MF07CiAgICB3aGlsZSgkcm93ID0gJHJlc3VsdC0+ZmV0Y2hfYXNzb2MoKSk6IAogICAgICAgICRkaXNjb3VudCA9ICRkaXNjb3VudHNbYXJyYXlfcmFuZCgkZGlzY291bnRzKV07CiAgICAgICAgJG9yaWdpbmFsUHJpY2UgPSAkZGlzY291bnQgPiAwID8gaW50dmFsKCRyb3dbJ3ByaWNlJ10gLyAoMSAtICRkaXNjb3VudC8xMDApKSA6IDA7CiAgICAgICAgJGF2Z1JhdGluZyA9ICRyYXRpbmdzWyRyb3dbJ2lkJ11dWydhdmdfcmF0aW5nJ10gPz8gMDsKICAgICAgICAkcmV2aWV3Q291bnQgPSAkcmF0aW5nc1skcm93WydpZCddXVsncmV2aWV3X2NvdW50J10gPz8gMDsKICAgID8+CiAgICA8ZGl2IGNsYXNzPSJjb2wtbGctMyBjb2wtbWQtNCBjb2wtc20tNiI+CiAgICAgICAgPGRpdiBjbGFzcz0iY2FyZCBwcm9kdWN0LWNhcmQgYmctZGFyayBoLTEwMCI+CiAgICAgICAgICAgIDxkaXYgY2xhc3M9ImNhcmQtaW1nLXdyYXBwZXIiPgogICAgICAgICAgICAgICAgPD9waHAgaWYoJGRpc2NvdW50ID4gMCk6ID8+CiAgICAgICAgICAgICAgICA8c3BhbiBjbGFzcz0iZGlzY291bnQtYmFkZ2UiPjw/cGhwIGVjaG8gJGRpc2NvdW50OyA/PiUgT0ZGPC9zcGFuPgogICAgICAgICAgICAgICAgPD9waHAgZW5kaWY7ID8+CiAgICAgICAgICAgICAgICA8YnV0dG9uIGNsYXNzPSJ3aXNobGlzdC1idG4iIG9uY2xpY2s9InRvZ2dsZVdpc2hsaXN0KDw/cGhwIGVjaG8gJHJvd1snaWQnXTsgPz4sIHRoaXMpIiB0aXRsZT0i7JyE7Iuc66as7Iqk7Yq47JeQIOy2lOqwgCI+CiAgICAgICAgICAgICAgICAgICAgPGkgY2xhc3M9ImZhciBmYS1oZWFydCI+PC9pPgogICAgICAgICAgICAgICAgPC9idXR0b24+CiAgICAgICAgICAgICAgICA8YSBocmVmPSJwcm9kdWN0LnBocD9pZD08P3BocCBlY2hvICRyb3dbJ2lkJ107ID8+Ij4KICAgICAgICAgICAgICAgICAgICA8aW1nIHNyYz0iPD9waHAgZWNobyBodG1sc3BlY2lhbGNoYXJzKCRyb3dbJ2ltYWdlX3VybCddKTsgPz4iIGNsYXNzPSJjYXJkLWltZy10b3AiIGFsdD0iPD9waHAgZWNobyBodG1sc3BlY2lhbGNoYXJzKCRyb3dbJ25hbWUnXSk7ID8+IiBsb2FkaW5nPSJsYXp5Ij4KICAgICAgICAgICAgICAgIDwvYT4KICAgICAgICAgICAgPC9kaXY+CiAgICAgICAgICAgIDxkaXYgY2xhc3M9ImNhcmQtYm9keSBkLWZsZXggZmxleC1jb2x1bW4iPgogICAgICAgICAgICAgICAgPHNwYW4gY2xhc3M9ImJhZGdlIGJnLXNlY29uZGFyeSBtYi0yIGFsaWduLXNlbGYtc3RhcnQiPjw/cGhwIGVjaG8gaHRtbHNwZWNpYWxjaGFycygkcm93WydjYXRlZ29yeSddKTsgPz48L3NwYW4+CiAgICAgICAgICAgICAgICA8aDYgY2xhc3M9ImNhcmQtdGl0bGUgdGV4dC13aGl0ZSBtYi0yIj48P3BocCBlY2hvIGh0bWxzcGVjaWFsY2hhcnMoJHJvd1snbmFtZSddKTsgPz48L2g2PgogICAgICAgICAgICAgICAgCiAgICAgICAgICAgICAgICA8P3BocCBpZigkYXZnUmF0aW5nID4gMCk6ID8+CiAgICAgICAgICAgICAgICA8ZGl2IGNsYXNzPSJyYXRpbmcgbWItMiI+CiAgICAgICAgICAgICAgICAgICAgPD9waHAgZm9yKCRpID0gMTsgJGkgPD0gNTsgJGkrKyk6ID8+CiAgICAgICAgICAgICAgICAgICAgICAgIDxpIGNsYXNzPSJmYTw/cGhwIGVjaG8gJGkgPD0gcm91bmQoJGF2Z1JhdGluZykgPyAncycgOiAncic7ID8+IGZhLXN0YXIiPjwvaT4KICAgICAgICAgICAgICAgICAgICA8P3BocCBlbmRmb3I7ID8+CiAgICAgICAgICAgICAgICAgICAgPHNwYW4gY2xhc3M9InRleHQtc2Vjb25kYXJ5IHNtYWxsIG1zLTEiPig8P3BocCBlY2hvICRyZXZpZXdDb3VudDsgPz4pPC9zcGFuPgogICAgICAgICAgICAgICAgPC9kaXY+CiAgICAgICAgICAgICAgICA8P3BocCBlbmRpZjsgPz4KICAgICAgICAgICAgICAgIAogICAgICAgICAgICAgICAgPGRpdiBjbGFzcz0ibXQtYXV0byI+CiAgICAgICAgICAgICAgICAgICAgPD9waHAgaWYoJGRpc2NvdW50ID4gMCk6ID8+CiAgICAgICAgICAgICAgICAgICAgPHNwYW4gY2xhc3M9InRleHQtc2Vjb25kYXJ5IHRleHQtZGVjb3JhdGlvbi1saW5lLXRocm91Z2ggc21hbGwiPjw/cGhwIGVjaG8gbnVtYmVyX2Zvcm1hdCgkb3JpZ2luYWxQcmljZSk7ID8+7JuQPC9zcGFuPgogICAgICAgICAgICAgICAgICAgIDw/cGhwIGVuZGlmOyA/PgogICAgICAgICAgICAgICAgICAgIDxwIGNsYXNzPSJjYXJkLXRleHQgdGV4dC1kYW5nZXIgZnctYm9sZCBmcy01IG1iLTIiPjw/cGhwIGVjaG8gbnVtYmVyX2Zvcm1hdCgkcm93WydwcmljZSddKTsgPz7sm5A8L3A+CiAgICAgICAgICAgICAgICAgICAgPGEgaHJlZj0icHJvZHVjdC5waHA/aWQ9PD9waHAgZWNobyAkcm93WydpZCddOyA/PiIgY2xhc3M9ImJ0biBidG4tc20gYnRuLW91dGxpbmUtbGlnaHQgdy0xMDAiPuyDgeyEuOuztOq4sDwvYT4KICAgICAgICAgICAgICAgIDwvZGl2PgogICAgICAgICAgICA8L2Rpdj4KICAgICAgICA8L2Rpdj4KICAgIDwvZGl2PgogICAgPD9waHAgZW5kd2hpbGU7ID8+CjwvZGl2PgoKPHNjcmlwdD4KZnVuY3Rpb24gdG9nZ2xlV2lzaGxpc3QocHJvZHVjdElkLCBidG4pIHsKICAgIGZldGNoKCd3aXNobGlzdF9hcGkucGhwP2FjdGlvbj10b2dnbGUmcHJvZHVjdF9pZD0nICsgcHJvZHVjdElkKQogICAgICAgIC50aGVuKHIgPT4gci5qc29uKCkpCiAgICAgICAgLnRoZW4oZGF0YSA9PiB7CiAgICAgICAgICAgIGlmKGRhdGEuYWRkZWQpIHsKICAgICAgICAgICAgICAgIGJ0bi5jbGFzc0xpc3QuYWRkKCdhY3RpdmUnKTsKICAgICAgICAgICAgICAgIGJ0bi5pbm5lckhUTUwgPSAnPGkgY2xhc3M9ImZhcyBmYS1oZWFydCI+PC9pPic7CiAgICAgICAgICAgIH0gZWxzZSB7CiAgICAgICAgICAgICAgICBidG4uY2xhc3NMaXN0LnJlbW92ZSgnYWN0aXZlJyk7CiAgICAgICAgICAgICAgICBidG4uaW5uZXJIVE1MID0gJzxpIGNsYXNzPSJmYXIgZmEtaGVhcnQiPjwvaT4nOwogICAgICAgICAgICB9CiAgICAgICAgfSkKICAgICAgICAuY2F0Y2goZSA9PiBhbGVydCgn66Gc6re47J247J20IO2VhOyalO2VqeuLiOuLpC4nKSk7Cn0KPC9zY3JpcHQ+Cgo8P3BocCBpbmNsdWRlICdmb290ZXIucGhwJzsgPz4KRU9GCgojIFZ1bG5lcmFiaWxpdHkgMTogU1FMIEluamVjdGlvbiArIFN0b3JlZCBYU1MgKFJldmlld3MpCmNhdCA8PCdFT0YnID4gL3Zhci93d3cvaHRtbC9wcm9kdWN0LnBocAo8P3BocCAKLy8gRW5hYmxlIGVycm9yIGRpc3BsYXkgZm9yIFNRTGkgdmlzaWJpbGl0eQppbmlfc2V0KCdkaXNwbGF5X2Vycm9ycycsIDEpOwppbmlfc2V0KCdkaXNwbGF5X3N0YXJ0dXBfZXJyb3JzJywgMSk7CmVycm9yX3JlcG9ydGluZyhFX0FMTCk7CgppbmNsdWRlICdoZWFkZXIucGhwJzsgCiRpZCA9ICRfR0VUWydpZCddID8/IDA7CgovLyBWVUxORVJBQkxFOiBEaXJlY3QgY29uY2F0ZW5hdGlvbiBvZiB1c2VyIGlucHV0IChTUUwgSW5qZWN0aW9uKQokY29ubiA9IGdldERiQ29ubmVjdGlvbignd3JpdGUnKTsKJHNxbCA9ICJTRUxFQ1QgKiBGUk9NIHByb2R1Y3RzIFdIRVJFIGlkID0gIiAuICRpZDsgCiRyZXN1bHQgPSAkY29ubi0+cXVlcnkoJHNxbCk7CgppZiAoISRyZXN1bHQpIHsKICAgIGVjaG8gIjxkaXYgY2xhc3M9J2NvbnRhaW5lciBtdC01Jz48ZGl2IGNsYXNzPSdhbGVydCBhbGVydC1kYW5nZXInPjxzdHJvbmc+REIgRXJyb3I6PC9zdHJvbmc+ICIgLiBodG1sc3BlY2lhbGNoYXJzKCRjb25uLT5lcnJvcikgLiAiPC9kaXY+PC9kaXY+IjsKICAgIGluY2x1ZGUgJ2Zvb3Rlci5waHAnOwogICAgZXhpdDsKfQoKJHByb2R1Y3QgPSAkcmVzdWx0LT5mZXRjaF9hc3NvYygpOwoKLy8gSGFuZGxlIFJldmlldyBTdWJtaXNzaW9uCmlmICgkX1NFUlZFUlsnUkVRVUVTVF9NRVRIT0QnXSA9PT0gJ1BPU1QnICYmIGlzc2V0KCRfUE9TVFsnc3VibWl0X3JldmlldyddKSAmJiAkY3VycmVudFVzZXIpIHsKICAgICR1c2VybmFtZSA9ICRjdXJyZW50VXNlclsndXNlcm5hbWUnXTsKICAgICR1UmVzID0gJGNvbm4tPnF1ZXJ5KCJTRUxFQ1QgaWQgRlJPTSB1c2VycyBXSEVSRSB1c2VybmFtZT0nJHVzZXJuYW1lJyIpOwogICAgJHVzZXJJZCA9ICR1UmVzLT5mZXRjaF9hc3NvYygpWydpZCddID8/IDA7CiAgICAKICAgICRyYXRpbmcgPSBpbnR2YWwoJF9QT1NUWydyYXRpbmcnXSA/PyA1KTsKICAgICRjb250ZW50ID0gJF9QT1NUWydjb250ZW50J10gPz8gJyc7CiAgICAkcHJvZHVjdElkID0gaW50dmFsKCRfUE9TVFsncHJvZHVjdF9pZCddID8/IDApOwogICAgCiAgICBpZiAoJHVzZXJJZCAmJiAkcHJvZHVjdElkICYmICRjb250ZW50KSB7CiAgICAgICAgJHN0bXQgPSAkY29ubi0+cHJlcGFyZSgiSU5TRVJUIElOVE8gcmV2aWV3cyAocHJvZHVjdF9pZCwgdXNlcl9pZCwgcmF0aW5nLCBjb250ZW50KSBWQUxVRVMgKD8sID8sID8sID8pIik7CiAgICAgICAgJHN0bXQtPmJpbmRfcGFyYW0oImlpaXMiLCAkcHJvZHVjdElkLCAkdXNlcklkLCAkcmF0aW5nLCAkY29udGVudCk7CiAgICAgICAgJHN0bXQtPmV4ZWN1dGUoKTsKICAgICAgICBlY2hvICI8c2NyaXB0PmxvY2F0aW9uLmhyZWY9J3Byb2R1Y3QucGhwP2lkPSRwcm9kdWN0SWQjcmV2aWV3cyc7PC9zY3JpcHQ+IjsKICAgICAgICBleGl0OwogICAgfQp9CgovLyBHZXQgYXZlcmFnZSByYXRpbmcKJGF2Z1Jlc3VsdCA9ICRjb25uLT5xdWVyeSgiU0VMRUNUIEFWRyhyYXRpbmcpIGFzIGF2Z19yYXRpbmcsIENPVU5UKCopIGFzIHJldmlld19jb3VudCBGUk9NIHJldmlld3MgV0hFUkUgcHJvZHVjdF9pZCA9ICIgLiBpbnR2YWwoJGlkKSk7CiRhdmdEYXRhID0gJGF2Z1Jlc3VsdC0+ZmV0Y2hfYXNzb2MoKTsKJGF2Z1JhdGluZyA9IHJvdW5kKCRhdmdEYXRhWydhdmdfcmF0aW5nJ10gPz8gMCwgMSk7CiRyZXZpZXdDb3VudCA9ICRhdmdEYXRhWydyZXZpZXdfY291bnQnXSA/PyAwOwoKLy8gR2V0IHJldmlld3MKJHJldmlld3MgPSAkY29ubi0+cXVlcnkoIlNFTEVDVCByLiosIHUudXNlcm5hbWUsIHUucmVhbF9uYW1lIEZST00gcmV2aWV3cyByIEpPSU4gdXNlcnMgdSBPTiByLnVzZXJfaWQgPSB1LmlkIFdIRVJFIHIucHJvZHVjdF9pZCA9ICIgLiBpbnR2YWwoJGlkKSAuICIgT1JERVIgQlkgci5jcmVhdGVkX2F0IERFU0MiKTsKPz4KCjxkaXYgY2xhc3M9ImNvbnRhaW5lciBtdC00Ij4KICAgIDw/cGhwIGlmKGlzc2V0KCRwcm9kdWN0KSAmJiAkcHJvZHVjdCk6ID8+CiAgICA8ZGl2IGNsYXNzPSJyb3ciPgogICAgICAgIDxkaXYgY2xhc3M9ImNvbC1tZC02Ij4KICAgICAgICAgICAgPGltZyBzcmM9Ijw/cGhwIGVjaG8gaHRtbHNwZWNpYWxjaGFycygkcHJvZHVjdFsnaW1hZ2VfdXJsJ10pOyA/PiIgY2xhc3M9ImltZy1mbHVpZCByb3VuZGVkIHNoYWRvdyIgYWx0PSIuLi4iIHN0eWxlPSJtYXgtaGVpZ2h0OiA1MDBweDsgd2lkdGg6IDEwMCU7IG9iamVjdC1maXQ6IGNvdmVyOyI+CiAgICAgICAgPC9kaXY+CiAgICAgICAgPGRpdiBjbGFzcz0iY29sLW1kLTYiPgogICAgICAgICAgICA8bmF2IGFyaWEtbGFiZWw9ImJyZWFkY3J1bWIiIGNsYXNzPSJtYi0zIj4KICAgICAgICAgICAgICAgIDxvbCBjbGFzcz0iYnJlYWRjcnVtYiI+CiAgICAgICAgICAgICAgICAgICAgPGxpIGNsYXNzPSJicmVhZGNydW1iLWl0ZW0iPjxhIGhyZWY9Ii8iIGNsYXNzPSJ0ZXh0LXNlY29uZGFyeSI+7ZmIPC9hPjwvbGk+CiAgICAgICAgICAgICAgICAgICAgPGxpIGNsYXNzPSJicmVhZGNydW1iLWl0ZW0iPjxhIGhyZWY9Ii8/Y2F0ZWdvcnk9PD9waHAgZWNobyB1cmxlbmNvZGUoJHByb2R1Y3RbJ2NhdGVnb3J5J10pOyA/PiIgY2xhc3M9InRleHQtc2Vjb25kYXJ5Ij48P3BocCBlY2hvIGh0bWxzcGVjaWFsY2hhcnMoJHByb2R1Y3RbJ2NhdGVnb3J5J10pOyA/PjwvYT48L2xpPgogICAgICAgICAgICAgICAgICAgIDxsaSBjbGFzcz0iYnJlYWRjcnVtYi1pdGVtIGFjdGl2ZSB0ZXh0LXdoaXRlIj48P3BocCBlY2hvIGh0bWxzcGVjaWFsY2hhcnMoJHByb2R1Y3RbJ25hbWUnXSk7ID8+PC9saT4KICAgICAgICAgICAgICAgIDwvb2w+CiAgICAgICAgICAgIDwvbmF2PgogICAgICAgICAgICAKICAgICAgICAgICAgPHNwYW4gY2xhc3M9ImJhZGdlIGJnLXNlY29uZGFyeSBtYi0yIj48P3BocCBlY2hvIGh0bWxzcGVjaWFsY2hhcnMoJHByb2R1Y3RbJ2NhdGVnb3J5J10pOyA/Pjwvc3Bhbj4KICAgICAgICAgICAgPGgyIGNsYXNzPSJmdy1ib2xkIj48P3BocCBlY2hvIGh0bWxzcGVjaWFsY2hhcnMoJHByb2R1Y3RbJ25hbWUnXSk7ID8+PC9oMj4KICAgICAgICAgICAgCiAgICAgICAgICAgIDwhLS0gUmF0aW5nIERpc3BsYXkgLS0+CiAgICAgICAgICAgIDxkaXYgY2xhc3M9ImQtZmxleCBhbGlnbi1pdGVtcy1jZW50ZXIgZ2FwLTIgbXktMyI+CiAgICAgICAgICAgICAgICA8ZGl2IGNsYXNzPSJzdGFyLXJhdGluZyBmcy01Ij4KICAgICAgICAgICAgICAgICAgICA8P3BocCBmb3IoJGkgPSAxOyAkaSA8PSA1OyAkaSsrKTogPz4KICAgICAgICAgICAgICAgICAgICAgICAgPGkgY2xhc3M9ImZhPD9waHAgZWNobyAkaSA8PSByb3VuZCgkYXZnUmF0aW5nKSA/ICdzJyA6ICdyJzsgPz4gZmEtc3RhciI+PC9pPgogICAgICAgICAgICAgICAgICAgIDw/cGhwIGVuZGZvcjsgPz4KICAgICAgICAgICAgICAgIDwvZGl2PgogICAgICAgICAgICAgICAgPHNwYW4gY2xhc3M9InRleHQtd2FybmluZyBmdy1ib2xkIj48P3BocCBlY2hvICRhdmdSYXRpbmc7ID8+PC9zcGFuPgogICAgICAgICAgICAgICAgPHNwYW4gY2xhc3M9InRleHQtc2Vjb25kYXJ5Ij4oPD9waHAgZWNobyAkcmV2aWV3Q291bnQ7ID8+6rCcIOumrOu3sCk8L3NwYW4+CiAgICAgICAgICAgIDwvZGl2PgogICAgICAgICAgICAKICAgICAgICAgICAgPHAgY2xhc3M9ImxlYWQgdGV4dC1zZWNvbmRhcnkiPjw/cGhwIGVjaG8gaHRtbHNwZWNpYWxjaGFycygkcHJvZHVjdFsnZGVzY3JpcHRpb24nXSk7ID8+PC9wPgogICAgICAgICAgICA8aDMgY2xhc3M9InRleHQtZGFuZ2VyIG15LTQgZnctYm9sZCI+PD9waHAgZWNobyBudW1iZXJfZm9ybWF0KCRwcm9kdWN0WydwcmljZSddKTsgPz7sm5A8L2gzPgogICAgICAgICAgICAKICAgICAgICAgICAgPGZvcm0gYWN0aW9uPSJjYXJ0LnBocCIgbWV0aG9kPSJQT1NUIiBjbGFzcz0ibWItMyI+CiAgICAgICAgICAgICAgICA8aW5wdXQgdHlwZT0iaGlkZGVuIiBuYW1lPSJhY3Rpb24iIHZhbHVlPSJhZGQiPgogICAgICAgICAgICAgICAgPGlucHV0IHR5cGU9ImhpZGRlbiIgbmFtZT0icHJvZHVjdF9pZCIgdmFsdWU9Ijw/cGhwIGVjaG8gJHByb2R1Y3RbJ2lkJ107ID8+Ij4KICAgICAgICAgICAgICAgIDxkaXYgY2xhc3M9ImQtZmxleCBnYXAtMiI+CiAgICAgICAgICAgICAgICAgICAgPGlucHV0IHR5cGU9Im51bWJlciIgbmFtZT0icXVhbnRpdHkiIHZhbHVlPSIxIiBtaW49IjEiIGNsYXNzPSJmb3JtLWNvbnRyb2wgYmctZGFyayB0ZXh0LXdoaXRlIGJvcmRlci1zZWNvbmRhcnkiIHN0eWxlPSJ3aWR0aDogODBweDsiPgogICAgICAgICAgICAgICAgICAgIDxidXR0b24gY2xhc3M9ImJ0biBidG4tbHVwYW5nIGZsZXgtZ3Jvdy0xIj48aSBjbGFzcz0iZmFzIGZhLXNob3BwaW5nLWNhcnQgbWUtMiI+PC9pPuyepeuwlOq1rOuLiCDri7TquLA8L2J1dHRvbj4KICAgICAgICAgICAgICAgIDwvZGl2PgogICAgICAgICAgICA8L2Zvcm0+CiAgICAgICAgICAgIAogICAgICAgICAgICA8YnV0dG9uIGNsYXNzPSJidG4gYnRuLW91dGxpbmUtZGFuZ2VyIHctMTAwIiBvbmNsaWNrPSJ0b2dnbGVXaXNobGlzdCg8P3BocCBlY2hvICRwcm9kdWN0WydpZCddOyA/PiwgdGhpcykiPgogICAgICAgICAgICAgICAgPGkgY2xhc3M9ImZhciBmYS1oZWFydCBtZS0yIj48L2k+7JyE7Iuc66as7Iqk7Yq47JeQIOy2lOqwgAogICAgICAgICAgICA8L2J1dHRvbj4KICAgICAgICA8L2Rpdj4KICAgIDwvZGl2PgogICAgCiAgICA8aHIgY2xhc3M9Im15LTUgYm9yZGVyLXNlY29uZGFyeSI+CiAgICAKICAgIDwhLS0gUmV2aWV3cyBTZWN0aW9uIC0tPgogICAgPGRpdiBpZD0icmV2aWV3cyI+CiAgICAgICAgPGgzIGNsYXNzPSJtYi00Ij4KICAgICAgICAgICAgPGkgY2xhc3M9ImZhcyBmYS1jb21tZW50cyBtZS0yIj48L2k+7IOB7ZKIIOumrOu3sCAKICAgICAgICAgICAgPHNwYW4gY2xhc3M9ImJhZGdlIGJnLWRhbmdlciI+PD9waHAgZWNobyAkcmV2aWV3Q291bnQ7ID8+PC9zcGFuPgogICAgICAgIDwvaDM+CiAgICAgICAgCiAgICAgICAgCiAgICAgICAgPD9waHAgaWYoJGN1cnJlbnRVc2VyKTogPz4KICAgICAgICA8IS0tIFJldmlldyBGb3JtIC0tPgogICAgICAgIDxkaXYgY2xhc3M9ImNhcmQgYmctZGFyayBib3JkZXItc2Vjb25kYXJ5IG1iLTQiPgogICAgICAgICAgICA8ZGl2IGNsYXNzPSJjYXJkLWhlYWRlciBib3JkZXItc2Vjb25kYXJ5Ij4KICAgICAgICAgICAgICAgIDxpIGNsYXNzPSJmYXMgZmEtZWRpdCBtZS0yIj48L2k+66as67ewIOyekeyEsQogICAgICAgICAgICA8L2Rpdj4KICAgICAgICAgICAgPGRpdiBjbGFzcz0iY2FyZC1ib2R5Ij4KICAgICAgICAgICAgICAgIDxmb3JtIG1ldGhvZD0iUE9TVCI+CiAgICAgICAgICAgICAgICAgICAgPGlucHV0IHR5cGU9ImhpZGRlbiIgbmFtZT0icHJvZHVjdF9pZCIgdmFsdWU9Ijw/cGhwIGVjaG8gJHByb2R1Y3RbJ2lkJ107ID8+Ij4KICAgICAgICAgICAgICAgICAgICA8ZGl2IGNsYXNzPSJtYi0zIj4KICAgICAgICAgICAgICAgICAgICAgICAgPGxhYmVsIGNsYXNzPSJmb3JtLWxhYmVsIj7tj4nsoJA8L2xhYmVsPgogICAgICAgICAgICAgICAgICAgICAgICA8ZGl2IGNsYXNzPSJzdGFyLXJhdGluZy1pbnB1dCBmcy00Ij4KICAgICAgICAgICAgICAgICAgICAgICAgICAgIDw/cGhwIGZvcigkaSA9IDU7ICRpID49IDE7ICRpLS0pOiA/PgogICAgICAgICAgICAgICAgICAgICAgICAgICAgPGlucHV0IHR5cGU9InJhZGlvIiBuYW1lPSJyYXRpbmciIHZhbHVlPSI8P3BocCBlY2hvICRpOyA/PiIgaWQ9InN0YXI8P3BocCBlY2hvICRpOyA/PiIgPD9waHAgZWNobyAkaSA9PT0gNSA/ICdjaGVja2VkJyA6ICcnOyA/Pj4KICAgICAgICAgICAgICAgICAgICAgICAgICAgIDxsYWJlbCBmb3I9InN0YXI8P3BocCBlY2hvICRpOyA/PiI+PGkgY2xhc3M9ImZhcyBmYS1zdGFyIj48L2k+PC9sYWJlbD4KICAgICAgICAgICAgICAgICAgICAgICAgICAgIDw/cGhwIGVuZGZvcjsgPz4KICAgICAgICAgICAgICAgICAgICAgICAgPC9kaXY+CiAgICAgICAgICAgICAgICAgICAgICAgIDxzdHlsZT4KICAgICAgICAgICAgICAgICAgICAgICAgICAgIC5zdGFyLXJhdGluZy1pbnB1dCB7IGRpc3BsYXk6IGZsZXg7IGZsZXgtZGlyZWN0aW9uOiByb3ctcmV2ZXJzZTsganVzdGlmeS1jb250ZW50OiBmbGV4LWVuZDsgfQogICAgICAgICAgICAgICAgICAgICAgICAgICAgLnN0YXItcmF0aW5nLWlucHV0IGlucHV0IHsgZGlzcGxheTogbm9uZTsgfQogICAgICAgICAgICAgICAgICAgICAgICAgICAgLnN0YXItcmF0aW5nLWlucHV0IGxhYmVsIHsgY3Vyc29yOiBwb2ludGVyOyBjb2xvcjogIzU1NTsgdHJhbnNpdGlvbjogMC4yczsgfQogICAgICAgICAgICAgICAgICAgICAgICAgICAgLnN0YXItcmF0aW5nLWlucHV0IGxhYmVsOmhvdmVyLCAuc3Rhci1yYXRpbmctaW5wdXQgbGFiZWw6aG92ZXIgfiBsYWJlbCwKICAgICAgICAgICAgICAgICAgICAgICAgICAgIC5zdGFyLXJhdGluZy1pbnB1dCBpbnB1dDpjaGVja2VkIH4gbGFiZWwgeyBjb2xvcjogI2ZmYzEwNzsgfQogICAgICAgICAgICAgICAgICAgICAgICA8L3N0eWxlPgogICAgICAgICAgICAgICAgICAgIDwvZGl2PgogICAgICAgICAgICAgICAgICAgIDxkaXYgY2xhc3M9Im1iLTMiPgogICAgICAgICAgICAgICAgICAgICAgICA8bGFiZWwgY2xhc3M9ImZvcm0tbGFiZWwiPuumrOu3sCDrgrTsmqk8L2xhYmVsPgogICAgICAgICAgICAgICAgICAgICAgICA8dGV4dGFyZWEgbmFtZT0iY29udGVudCIgY2xhc3M9ImZvcm0tY29udHJvbCBiZy1kYXJrIHRleHQtd2hpdGUgYm9yZGVyLXNlY29uZGFyeSIgcm93cz0iMyIgcGxhY2Vob2xkZXI9IuyDge2SiOyXkCDrjIDtlZwg7IaU7KeB7ZWcIOumrOu3sOulvCDsnpHshLHtlbTso7zshLjsmpQuLi4iIHJlcXVpcmVkPjwvdGV4dGFyZWE+CiAgICAgICAgICAgICAgICAgICAgPC9kaXY+CiAgICAgICAgICAgICAgICAgICAgPGJ1dHRvbiB0eXBlPSJzdWJtaXQiIG5hbWU9InN1Ym1pdF9yZXZpZXciIGNsYXNzPSJidG4gYnRuLWx1cGFuZyI+CiAgICAgICAgICAgICAgICAgICAgICAgIDxpIGNsYXNzPSJmYXMgZmEtcGFwZXItcGxhbmUgbWUtMiI+PC9pPuumrOu3sCDrk7HroZ0KICAgICAgICAgICAgICAgICAgICA8L2J1dHRvbj4KICAgICAgICAgICAgICAgIDwvZm9ybT4KICAgICAgICAgICAgPC9kaXY+CiAgICAgICAgPC9kaXY+CiAgICAgICAgPD9waHAgZWxzZTogPz4KICAgICAgICA8ZGl2IGNsYXNzPSJhbGVydCBhbGVydC1zZWNvbmRhcnkiPgogICAgICAgICAgICA8YSBocmVmPSJsb2dpbi5waHAiIGNsYXNzPSJhbGVydC1saW5rIj7roZzqt7jsnbg8L2E+7ZWY7Iuc66m0IOumrOu3sOulvCDsnpHshLHtlaAg7IiYIOyeiOyKteuLiOuLpC4KICAgICAgICA8L2Rpdj4KICAgICAgICA8P3BocCBlbmRpZjsgPz4KICAgICAgICAKICAgICAgICA8IS0tIFJldmlldyBMaXN0IC0tPgogICAgICAgIDw/cGhwIGlmKCRyZXZpZXdzLT5udW1fcm93cyA+IDApOiA/PgogICAgICAgIDxkaXYgY2xhc3M9Imxpc3QtZ3JvdXAiPgogICAgICAgICAgICA8P3BocCB3aGlsZSgkcmV2aWV3ID0gJHJldmlld3MtPmZldGNoX2Fzc29jKCkpOiA/PgogICAgICAgICAgICA8ZGl2IGNsYXNzPSJsaXN0LWdyb3VwLWl0ZW0gYmctZGFyayB0ZXh0LXdoaXRlIGJvcmRlci1zZWNvbmRhcnkgbWItMiByb3VuZGVkIj4KICAgICAgICAgICAgICAgIDxkaXYgY2xhc3M9ImQtZmxleCBqdXN0aWZ5LWNvbnRlbnQtYmV0d2VlbiBhbGlnbi1pdGVtcy1zdGFydCI+CiAgICAgICAgICAgICAgICAgICAgPGRpdj4KICAgICAgICAgICAgICAgICAgICAgICAgPGRpdiBjbGFzcz0ic3Rhci1yYXRpbmcgc21hbGwgbWItMSI+CiAgICAgICAgICAgICAgICAgICAgICAgICAgICA8P3BocCBmb3IoJGkgPSAxOyAkaSA8PSA1OyAkaSsrKTogPz4KICAgICAgICAgICAgICAgICAgICAgICAgICAgICAgICA8aSBjbGFzcz0iZmE8P3BocCBlY2hvICRpIDw9ICRyZXZpZXdbJ3JhdGluZyddID8gJ3MnIDogJ3InOyA/PiBmYS1zdGFyIj48L2k+CiAgICAgICAgICAgICAgICAgICAgICAgICAgICA8P3BocCBlbmRmb3I7ID8+CiAgICAgICAgICAgICAgICAgICAgICAgIDwvZGl2PgogICAgICAgICAgICAgICAgICAgICAgICA8c3Ryb25nPjw/cGhwIGVjaG8gaHRtbHNwZWNpYWxjaGFycygkcmV2aWV3WydyZWFsX25hbWUnXSA/PyAkcmV2aWV3Wyd1c2VybmFtZSddKTsgPz48L3N0cm9uZz4KICAgICAgICAgICAgICAgICAgICA8L2Rpdj4KICAgICAgICAgICAgICAgICAgICA8c21hbGwgY2xhc3M9InRleHQtc2Vjb25kYXJ5Ij48P3BocCBlY2hvIGRhdGUoJ1kubS5kJywgc3RydG90aW1lKCRyZXZpZXdbJ2NyZWF0ZWRfYXQnXSkpOyA/Pjwvc21hbGw+CiAgICAgICAgICAgICAgICA8L2Rpdj4KICAgICAgICAgICAgICAgIDwhLS0gVlVMTkVSQUJMRTogWFNTIC0gTm8gaHRtbHNwZWNpYWxjaGFycyBvbiBjb250ZW50IC0tPgogICAgICAgICAgICAgICAgPHAgY2xhc3M9Im10LTIgbWItMCI+PD9waHAgZWNobyAkcmV2aWV3Wydjb250ZW50J107ID8+PC9wPgogICAgICAgICAgICA8L2Rpdj4KICAgICAgICAgICAgPD9waHAgZW5kd2hpbGU7ID8+CiAgICAgICAgPC9kaXY+CiAgICAgICAgPD9waHAgZWxzZTogPz4KICAgICAgICA8ZGl2IGNsYXNzPSJ0ZXh0LWNlbnRlciBweS01IHRleHQtc2Vjb25kYXJ5Ij4KICAgICAgICAgICAgPGkgY2xhc3M9ImZhciBmYS1jb21tZW50LWRvdHMgZmEtNHggbWItMyI+PC9pPgogICAgICAgICAgICA8cD7slYTsp4Eg66as67ew6rCAIOyXhuyKteuLiOuLpC4g7LKrIOuyiOynuCDrpqzrt7Drpbwg7J6R7ISx7ZW067O07IS47JqUITwvcD4KICAgICAgICA8L2Rpdj4KICAgICAgICA8P3BocCBlbmRpZjsgPz4KICAgIDwvZGl2PgogICAgCiAgICA8P3BocCBlbHNlOiA/PgogICAgICAgIDxkaXYgY2xhc3M9ImFsZXJ0IGFsZXJ0LXdhcm5pbmciPuyDge2SiOydhCDssL7snYQg7IiYIOyXhuyKteuLiOuLpC4gKElEOiA8P3BocCBlY2hvIGh0bWxzcGVjaWFsY2hhcnMoJGlkKTsgPz4pPC9kaXY+CiAgICA8P3BocCBlbmRpZjsgPz4KPC9kaXY+Cgo8c2NyaXB0PgpmdW5jdGlvbiB0b2dnbGVXaXNobGlzdChwcm9kdWN0SWQsIGJ0bikgewogICAgZmV0Y2goJ3dpc2hsaXN0X2FwaS5waHA/YWN0aW9uPXRvZ2dsZSZwcm9kdWN0X2lkPScgKyBwcm9kdWN0SWQpCiAgICAgICAgLnRoZW4ociA9PiByLmpzb24oKSkKICAgICAgICAudGhlbihkYXRhID0+IHsKICAgICAgICAgICAgaWYoZGF0YS5hZGRlZCkgewogICAgICAgICAgICAgICAgYnRuLmlubmVySFRNTCA9ICc8aSBjbGFzcz0iZmFzIGZhLWhlYXJ0IG1lLTIiPjwvaT7snITsi5zrpqzsiqTtirjsl5DshJwg7KCc6rGwJzsKICAgICAgICAgICAgICAgIGJ0bi5jbGFzc0xpc3QucmVtb3ZlKCdidG4tb3V0bGluZS1kYW5nZXInKTsKICAgICAgICAgICAgICAgIGJ0bi5jbGFzc0xpc3QuYWRkKCdidG4tZGFuZ2VyJyk7CiAgICAgICAgICAgIH0gZWxzZSB7CiAgICAgICAgICAgICAgICBidG4uaW5uZXJIVE1MID0gJzxpIGNsYXNzPSJmYXIgZmEtaGVhcnQgbWUtMiI+PC9pPuychOyLnOumrOyKpO2KuOyXkCDstpTqsIAnOwogICAgICAgICAgICAgICAgYnRuLmNsYXNzTGlzdC5yZW1vdmUoJ2J0bi1kYW5nZXInKTsKICAgICAgICAgICAgICAgIGJ0bi5jbGFzc0xpc3QuYWRkKCdidG4tb3V0bGluZS1kYW5nZXInKTsKICAgICAgICAgICAgfQogICAgICAgIH0pCiAgICAgICAgLmNhdGNoKGUgPT4gYWxlcnQoJ+uhnOq3uOyduOydtCDtlYTsmpTtlanri4jri6QuJykpOwp9Cjwvc2NyaXB0PgoKPD9waHAgaW5jbHVkZSAnZm9vdGVyLnBocCc7ID8+CkVPRgoKY2F0IDw8J0VPRicgPiAvdmFyL3d3dy9odG1sL2NhcnQucGhwCjw/cGhwCmluY2x1ZGUgJ2hlYWRlci5waHAnOwppZiAoISRjdXJyZW50VXNlcikgewogICAgZWNobyAiPHNjcmlwdD5hbGVydCgn66Gc6re47J247J20IO2VhOyalO2VqeuLiOuLpC4nKTsgbG9jYXRpb24uaHJlZj0nbG9naW4ucGhwJzs8L3NjcmlwdD4iOwogICAgZXhpdDsKfQoKJGNvbm4gPSBnZXREYkNvbm5lY3Rpb24oJ3dyaXRlJyk7Ci8vIEdldCBVc2VyIElEIGZyb20gc2VlZF91c2VycyBsb2dpYyBvciBzZXNzaW9uLiAKLy8gRm9yIHNpbXBsaWNpdHksIHF1ZXJ5IHVzZXIgYnkgdXNlcm5hbWUgZnJvbSBjb29raWUKJHVzZXJuYW1lID0gJGN1cnJlbnRVc2VyWyd1c2VybmFtZSddOwokdVJlcyA9ICRjb25uLT5xdWVyeSgiU0VMRUNUIGlkIEZST00gdXNlcnMgV0hFUkUgdXNlcm5hbWU9JyR1c2VybmFtZSciKTsKJHVzZXJJZCA9ICR1UmVzLT5mZXRjaF9hc3NvYygpWydpZCddOwoKaWYgKCRfU0VSVkVSWydSRVFVRVNUX01FVEhPRCddID09PSAnUE9TVCcpIHsKICAgICRhY3Rpb24gPSAkX1BPU1RbJ2FjdGlvbiddID8/ICcnOwogICAgaWYgKCRhY3Rpb24gPT09ICdhZGQnKSB7CiAgICAgICAgJHBpZCA9ICRfUE9TVFsncHJvZHVjdF9pZCddOwogICAgICAgICRxdHkgPSAkX1BPU1RbJ3F1YW50aXR5J107CiAgICAgICAgLy8gVXBzZXJ0IGNhcnQKICAgICAgICAkc3FsID0gIklOU0VSVCBJTlRPIGNhcnQgKHVzZXJfaWQsIHByb2R1Y3RfaWQsIHF1YW50aXR5KSBWQUxVRVMgKCR1c2VySWQsICRwaWQsICRxdHkpIAogICAgICAgICAgICAgICAgT04gRFVQTElDQVRFIEtFWSBVUERBVEUgcXVhbnRpdHkgPSBxdWFudGl0eSArICRxdHkiOwogICAgICAgICRjb25uLT5xdWVyeSgkc3FsKTsKICAgICAgICBlY2hvICI8c2NyaXB0PmxvY2F0aW9uLmhyZWY9J2NhcnQucGhwJzs8L3NjcmlwdD4iOwogICAgfSBlbHNlaWYgKCRhY3Rpb24gPT09ICdkZWxldGUnKSB7CiAgICAgICAgJGNpZCA9ICRfUE9TVFsnY2FydF9pZCddOwogICAgICAgICRjb25uLT5xdWVyeSgiREVMRVRFIEZST00gY2FydCBXSEVSRSBpZD0kY2lkIEFORCB1c2VyX2lkPSR1c2VySWQiKTsKICAgIH0gZWxzZWlmICgkYWN0aW9uID09PSAnY2hlY2tvdXQnKSB7CiAgICAgICAgIC8vIENyZWF0ZSBPcmRlcgogICAgICAgICAkdG90YWwgPSAkX1BPU1RbJ3RvdGFsX2Ftb3VudCddOwogICAgICAgICAkY29ubi0+cXVlcnkoIklOU0VSVCBJTlRPIG9yZGVycyAodXNlcl9pZCwgdG90YWxfYW1vdW50KSBWQUxVRVMgKCR1c2VySWQsICR0b3RhbCkiKTsKICAgICAgICAgJG9yZGVySWQgPSAkY29ubi0+aW5zZXJ0X2lkOwogICAgICAgICAKICAgICAgICAgLy8gTW92ZSBJdGVtcwogICAgICAgICAkY1JlcyA9ICRjb25uLT5xdWVyeSgiU0VMRUNUIGMuKiwgcC5wcmljZSBGUk9NIGNhcnQgYyBKT0lOIHByb2R1Y3RzIHAgT04gYy5wcm9kdWN0X2lkID0gcC5pZCBXSEVSRSBjLnVzZXJfaWQ9JHVzZXJJZCIpOwogICAgICAgICB3aGlsZSgkcm93ID0gJGNSZXMtPmZldGNoX2Fzc29jKCkpIHsKICAgICAgICAgICAgICRjb25uLT5xdWVyeSgiSU5TRVJUIElOVE8gb3JkZXJfaXRlbXMgKG9yZGVyX2lkLCBwcm9kdWN0X2lkLCBxdWFudGl0eSwgcHJpY2UpIFZBTFVFUyAoJG9yZGVySWQsIHskcm93Wydwcm9kdWN0X2lkJ119LCB7JHJvd1sncXVhbnRpdHknXX0sIHskcm93WydwcmljZSddfSkiKTsKICAgICAgICAgfQogICAgICAgICAKICAgICAgICAgLy8gQ2xlYXIgQ2FydAogICAgICAgICAkY29ubi0+cXVlcnkoIkRFTEVURSBGUk9NIGNhcnQgV0hFUkUgdXNlcl9pZD0kdXNlcklkIik7CiAgICAgICAgIGVjaG8gIjxzY3JpcHQ+YWxlcnQoJ+yjvOusuOydtCDsmYTro4zrkJjsl4jsirXri4jri6QhJyk7IGxvY2F0aW9uLmhyZWY9J215cGFnZS5waHAnOzwvc2NyaXB0PiI7CiAgICB9Cn0KPz4KPGRpdiBjbGFzcz0iY29udGFpbmVyIj4KICAgIDxoMiBjbGFzcz0ibWItNCI+U2hvcHBpbmcgQ2FydDwvaDI+CiAgICA8dGFibGUgY2xhc3M9InRhYmxlIHRhYmxlLWRhcmsgdGFibGUtaG92ZXIiPgogICAgICAgIDx0aGVhZD48dHI+PHRoPlByb2R1Y3Q8L3RoPjx0aD5QcmljZTwvdGg+PHRoPlF0eTwvdGg+PHRoPlRvdGFsPC90aD48dGg+QWN0aW9uPC90aD48L3RyPjwvdGhlYWQ+CiAgICAgICAgPHRib2R5PgogICAgICAgIDw/cGhwCiAgICAgICAgJHNxbCA9ICJTRUxFQ1QgYy5pZCBhcyBjYXJ0X2lkLCBwLm5hbWUsIHAucHJpY2UsIGMucXVhbnRpdHkgRlJPTSBjYXJ0IGMgSk9JTiBwcm9kdWN0cyBwIE9OIGMucHJvZHVjdF9pZCA9IHAuaWQgV0hFUkUgYy51c2VyX2lkID0gJHVzZXJJZCI7CiAgICAgICAgJHJlc3VsdCA9ICRjb25uLT5xdWVyeSgkc3FsKTsKICAgICAgICAkZ3JhbmRUb3RhbCA9IDA7CiAgICAgICAgd2hpbGUoJHJvdyA9ICRyZXN1bHQtPmZldGNoX2Fzc29jKCkpIHsKICAgICAgICAgICAgJHN1YiA9ICRyb3dbJ3ByaWNlJ10gKiAkcm93WydxdWFudGl0eSddOwogICAgICAgICAgICAkZ3JhbmRUb3RhbCArPSAkc3ViOwogICAgICAgICAgICBlY2hvICI8dHI+CiAgICAgICAgICAgICAgICA8dGQ+eyRyb3dbJ25hbWUnXX08L3RkPgogICAgICAgICAgICAgICAgPHRkPiIubnVtYmVyX2Zvcm1hdCgkcm93WydwcmljZSddKS4iPC90ZD4KICAgICAgICAgICAgICAgIDx0ZD57JHJvd1sncXVhbnRpdHknXX08L3RkPgogICAgICAgICAgICAgICAgPHRkPiIubnVtYmVyX2Zvcm1hdCgkc3ViKS4iPC90ZD4KICAgICAgICAgICAgICAgIDx0ZD4KICAgICAgICAgICAgICAgICAgICA8Zm9ybSBtZXRob2Q9J1BPU1QnIHN0eWxlPSdkaXNwbGF5OmlubGluZTsnPgogICAgICAgICAgICAgICAgICAgICAgICA8aW5wdXQgdHlwZT0naGlkZGVuJyBuYW1lPSdhY3Rpb24nIHZhbHVlPSdkZWxldGUnPgogICAgICAgICAgICAgICAgICAgICAgICA8aW5wdXQgdHlwZT0naGlkZGVuJyBuYW1lPSdjYXJ0X2lkJyB2YWx1ZT0neyRyb3dbJ2NhcnRfaWQnXX0nPgogICAgICAgICAgICAgICAgICAgICAgICA8YnV0dG9uIGNsYXNzPSdidG4gYnRuLXNtIGJ0bi1kYW5nZXInPkRlbDwvYnV0dG9uPgogICAgICAgICAgICAgICAgICAgIDwvZm9ybT4KICAgICAgICAgICAgICAgIDwvdGQ+CiAgICAgICAgICAgIDwvdHI+IjsKICAgICAgICB9CiAgICAgICAgPz4KICAgICAgICA8L3Rib2R5PgogICAgPC90YWJsZT4KICAgIDxkaXYgY2xhc3M9ImQtZmxleCBqdXN0aWZ5LWNvbnRlbnQtZW5kIGFsaWduLWl0ZW1zLWNlbnRlciBnYXAtMyI+CiAgICAgICAgPGgzPlRvdGFsOiA8P3BocCBlY2hvIG51bWJlcl9mb3JtYXQoJGdyYW5kVG90YWwpOyA/PuybkDwvaDM+CiAgICAgICAgPD9waHAgaWYoJGdyYW5kVG90YWwgPiAwKTogPz4KICAgICAgICA8Zm9ybSBtZXRob2Q9IlBPU1QiPgogICAgICAgICAgICA8aW5wdXQgdHlwZT0iaGlkZGVuIiBuYW1lPSJhY3Rpb24iIHZhbHVlPSJjaGVja291dCI+CiAgICAgICAgICAgIDxpbnB1dCB0eXBlPSJoaWRkZW4iIG5hbWU9InRvdGFsX2Ftb3VudCIgdmFsdWU9Ijw/cGhwIGVjaG8gJGdyYW5kVG90YWw7ID8+Ij4KICAgICAgICAgICAgPGJ1dHRvbiBjbGFzcz0iYnRuIGJ0bi1sdXBhbmcgYnRuLWxnIj7qsrDsoJztlZjquLA8L2J1dHRvbj4KICAgICAgICA8L2Zvcm0+CiAgICAgICAgPD9waHAgZW5kaWY7ID8+CiAgICA8L2Rpdj4KPC9kaXY+Cjw/cGhwIGluY2x1ZGUgJ2Zvb3Rlci5waHAnOyA/PgpFT0YKCmNhdCA8PCdFT0YnID4gL3Zhci93d3cvaHRtbC9teXBhZ2UucGhwCjw/cGhwCmluY2x1ZGUgJ2hlYWRlci5waHAnOwovLyBGaWxlIFVwbG9hZCBWdWxuZXJhYmlsaXR5CmlmICgkX1NFUlZFUlsnUkVRVUVTVF9NRVRIT0QnXSA9PT0gJ1BPU1QnICYmIGlzc2V0KCRfRklMRVNbJ3Byb2ZpbGVfcGljJ10pKSB7CiAgICAkdGFyZ2V0X2RpciA9ICJ1cGxvYWRzLyI7CiAgICAkdGFyZ2V0X2ZpbGUgPSAkdGFyZ2V0X2RpciAuIGJhc2VuYW1lKCRfRklMRVNbInByb2ZpbGVfcGljIl1bIm5hbWUiXSk7CiAgICBpZihtb3ZlX3VwbG9hZGVkX2ZpbGUoJF9GSUxFU1sicHJvZmlsZV9waWMiXVsidG1wX25hbWUiXSwgJHRhcmdldF9maWxlKSkgewogICAgICAgIGVjaG8gIjxkaXYgY2xhc3M9J2FsZXJ0IGFsZXJ0LXN1Y2Nlc3MnPu2UhOuhnO2VhCDsgqzsp4TsnbQg7JeF642w7J207Yq4IOuQmOyXiOyKteuLiOuLpC4gKOychOy5mDogPGEgaHJlZj0nJHRhcmdldF9maWxlJyBjbGFzcz0nYWxlcnQtbGluayc+JHRhcmdldF9maWxlPC9hPik8L2Rpdj4iOwogICAgfSBlbHNlIHsKICAgICAgICBlY2hvICI8ZGl2IGNsYXNzPSdhbGVydCBhbGVydC1kYW5nZXInPuyXheuhnOuTnCDsi6TtjKg8L2Rpdj4iOwogICAgfQp9CgokY29ubiA9IGdldERiQ29ubmVjdGlvbigncmVhZCcpOwokdXNlcm5hbWUgPSAkY3VycmVudFVzZXJbJ3VzZXJuYW1lJ10gPz8gJyc7CiR1UmVzID0gJGNvbm4tPnF1ZXJ5KCJTRUxFQ1QgaWQsIHJlYWxfbmFtZSwgYWRkcmVzcyBGUk9NIHVzZXJzIFdIRVJFIHVzZXJuYW1lPSckdXNlcm5hbWUnIik7CiR1c2VySW5mbyA9ICR1UmVzLT5mZXRjaF9hc3NvYygpOwokdXNlcklkID0gJHVzZXJJbmZvWydpZCddID8/IDA7Cj8+CjxkaXYgY2xhc3M9InJvdyI+CiAgICA8ZGl2IGNsYXNzPSJjb2wtbWQtNCI+CiAgICAgICAgPGRpdiBjbGFzcz0iY2FyZCBiZy1kYXJrIGJvcmRlci1zZWNvbmRhcnkgbWItNCI+CiAgICAgICAgICAgIDxkaXYgY2xhc3M9ImNhcmQtaGVhZGVyIGJvcmRlci1zZWNvbmRhcnkiPuuCtCDsoJXrs7Qg6rSA66asPC9kaXY+CiAgICAgICAgICAgIDxkaXYgY2xhc3M9ImNhcmQtYm9keSB0ZXh0LWNlbnRlciI+CiAgICAgICAgICAgICAgICA8ZGl2IGNsYXNzPSJtYi0zIj4KICAgICAgICAgICAgICAgICAgICA8ZGl2IHN0eWxlPSJ3aWR0aDogMTAwcHg7IGhlaWdodDogMTAwcHg7IGJhY2tncm91bmQ6ICMzMzM7IGJvcmRlci1yYWRpdXM6IDUwJTsgbWFyZ2luOiAwIGF1dG87IGRpc3BsYXk6IGZsZXg7IGFsaWduLWl0ZW1zOiBjZW50ZXI7IGp1c3RpZnktY29udGVudDogY2VudGVyOyI+CiAgICAgICAgICAgICAgICAgICAgICAgIDxpIGNsYXNzPSJmYXMgZmEtdXNlciBmYS0zeCB0ZXh0LXNlY29uZGFyeSI+PC9pPgogICAgICAgICAgICAgICAgICAgIDwvZGl2PgogICAgICAgICAgICAgICAgPC9kaXY+CiAgICAgICAgICAgICAgICA8aDUgY2xhc3M9ImNhcmQtdGl0bGUiPjw/cGhwIGVjaG8gaHRtbHNwZWNpYWxjaGFycygkdXNlckluZm9bJ3JlYWxfbmFtZSddID8/ICdVc2VyJyk7ID8+PC9oNT4KICAgICAgICAgICAgICAgIDxwIGNsYXNzPSJ0ZXh0LXNlY29uZGFyeSBzbWFsbCI+PD9waHAgZWNobyBodG1sc3BlY2lhbGNoYXJzKCR1c2VybmFtZSk7ID8+PC9wPgogICAgICAgICAgICAgICAgCiAgICAgICAgICAgICAgICA8aHIgY2xhc3M9ImJvcmRlci1zZWNvbmRhcnkiPgogICAgICAgICAgICAgICAgCiAgICAgICAgICAgICAgICA8Zm9ybSBtZXRob2Q9IlBPU1QiIGVuY3R5cGU9Im11bHRpcGFydC9mb3JtLWRhdGEiIGNsYXNzPSJ0ZXh0LXN0YXJ0Ij4KICAgICAgICAgICAgICAgICAgICA8bGFiZWwgY2xhc3M9ImZvcm0tbGFiZWwgc21hbGwgdGV4dC1zZWNvbmRhcnkiPu2UhOuhnO2VhCDsgqzsp4Qg67OA6rK9PC9sYWJlbD4KICAgICAgICAgICAgICAgICAgICA8ZGl2IGNsYXNzPSJpbnB1dC1ncm91cCBpbnB1dC1ncm91cC1zbSI+CiAgICAgICAgICAgICAgICAgICAgICAgIDxpbnB1dCB0eXBlPSJmaWxlIiBuYW1lPSJwcm9maWxlX3BpYyIgY2xhc3M9ImZvcm0tY29udHJvbCBiZy1kYXJrIHRleHQtd2hpdGUgYm9yZGVyLXNlY29uZGFyeSI+CiAgICAgICAgICAgICAgICAgICAgICAgIDxidXR0b24gY2xhc3M9ImJ0biBidG4tcHJpbWFyeSI+67OA6rK9PC9idXR0b24+CiAgICAgICAgICAgICAgICAgICAgPC9kaXY+CiAgICAgICAgICAgICAgICAgICAgPGRpdiBjbGFzcz0iZm9ybS10ZXh0IHRleHQtbXV0ZWQiIHN0eWxlPSJmb250LXNpemU6IDAuN3JlbTsiPgogICAgICAgICAgICAgICAgICAgICAgICAqIEpQRywgUE5HIO2MjOydvOunjCDsl4XroZzrk5wg6rCA64ql7ZWp64uI64ukLiAo7Iuk7KCcIOq4sOuKpTog7ZmV7J6l7J6QIOqygOymnSDst6jslb3soJApCiAgICAgICAgICAgICAgICAgICAgPC9kaXY+CiAgICAgICAgICAgICAgICA8L2Zvcm0+CiAgICAgICAgICAgIDwvZGl2PgogICAgICAgIDwvZGl2PgogICAgPC9kaXY+CiAgICAKICAgIDxkaXYgY2xhc3M9ImNvbC1tZC04Ij4KICAgICAgICA8aDQgY2xhc3M9Im1iLTMgYm9yZGVyLWJvdHRvbSBib3JkZXItc2Vjb25kYXJ5IHBiLTIiPuyjvOusuCDrgrTsl608L2g0PgogICAgICAgIDw/cGhwCiAgICAgICAgJHJlcyA9ICRjb25uLT5xdWVyeSgiU0VMRUNUICogRlJPTSBvcmRlcnMgV0hFUkUgdXNlcl9pZCA9ICR1c2VySWQgT1JERVIgQlkgaWQgREVTQyIpOwogICAgICAgIGlmICgkcmVzICYmICRyZXMtPm51bV9yb3dzID4gMCkgewogICAgICAgICAgICBlY2hvICc8ZGl2IGNsYXNzPSJsaXN0LWdyb3VwIj4nOwogICAgICAgICAgICB3aGlsZSgkcm93ID0gJHJlcy0+ZmV0Y2hfYXNzb2MoKSkgewogICAgICAgICAgICAgICAgJHN0YXR1c0NvbG9yID0gJHJvd1snc3RhdHVzJ10gPT0gJ3BhaWQnID8gJ3N1Y2Nlc3MnIDogJ3dhcm5pbmcnOwogICAgICAgICAgICAgICAgZWNobyAiPGEgaHJlZj0nb3JkZXJfZGV0YWlsLnBocD9pZD17JHJvd1snaWQnXX0nIGNsYXNzPSdsaXN0LWdyb3VwLWl0ZW0gbGlzdC1ncm91cC1pdGVtLWFjdGlvbiBiZy1kYXJrIHRleHQtd2hpdGUgYm9yZGVyLXNlY29uZGFyeSBkLWZsZXgganVzdGlmeS1jb250ZW50LWJldHdlZW4gYWxpZ24taXRlbXMtY2VudGVyJz4KICAgICAgICAgICAgICAgICAgICA8ZGl2PgogICAgICAgICAgICAgICAgICAgICAgICA8c3BhbiBjbGFzcz0nZnctYm9sZCc+7KO866y467KI7Zi4ICN7JHJvd1snaWQnXX08L3NwYW4+CiAgICAgICAgICAgICAgICAgICAgICAgIDxkaXYgY2xhc3M9J3NtYWxsIHRleHQtc2Vjb25kYXJ5Jz57JHJvd1snY3JlYXRlZF9hdCddfTwvZGl2PgogICAgICAgICAgICAgICAgICAgIDwvZGl2PgogICAgICAgICAgICAgICAgICAgIDxkaXYgY2xhc3M9J3RleHQtZW5kJz4KICAgICAgICAgICAgICAgICAgICAgICAgPGRpdiBjbGFzcz0nZnctYm9sZCc+IiAuIG51bWJlcl9mb3JtYXQoJHJvd1sndG90YWxfYW1vdW50J10pIC4gIuybkDwvZGl2PgogICAgICAgICAgICAgICAgICAgICAgICA8c3BhbiBjbGFzcz0nYmFkZ2UgYmctJHN0YXR1c0NvbG9yJz57JHJvd1snc3RhdHVzJ119PC9zcGFuPgogICAgICAgICAgICAgICAgICAgIDwvZGl2PgogICAgICAgICAgICAgICAgPC9hPiI7CiAgICAgICAgICAgIH0KICAgICAgICAgICAgZWNobyAnPC9kaXY+JzsKICAgICAgICB9IGVsc2UgewogICAgICAgICAgICBlY2hvICI8ZGl2IGNsYXNzPSd0ZXh0LXNlY29uZGFyeSBwLTQgdGV4dC1jZW50ZXInPuyjvOusuCDrgrTsl63snbQg7JeG7Iq164uI64ukLjwvZGl2PiI7CiAgICAgICAgfQogICAgICAgID8+CiAgICA8L2Rpdj4KPC9kaXY+Cjw/cGhwIGluY2x1ZGUgJ2Zvb3Rlci5waHAnOyA/PgpFT0YKCiMgVnVsbmVyYWJpbGl0eSAyOiBTdG9yZWQgWFNTCmNhdCA8PCdFT0YnID4gL3Zhci93d3cvaHRtbC9ib2FyZC5waHAKPD9waHAKaW5jbHVkZSAnaGVhZGVyLnBocCc7CiRjb25uID0gZ2V0RGJDb25uZWN0aW9uKCd3cml0ZScpOwoKaWYgKCRfU0VSVkVSWydSRVFVRVNUX01FVEhPRCddID09PSAnUE9TVCcpIHsKICAgICR0aXRsZSA9ICRfUE9TVFsndGl0bGUnXTsKICAgICRjb250ZW50ID0gJF9QT1NUWydjb250ZW50J107CiAgICAvLyBWVUxORVJBQkxFOiBObyBodG1sc3BlY2lhbGNoYXJzIGhlcmUKICAgICR1c2VybmFtZSA9ICRjdXJyZW50VXNlclsndXNlcm5hbWUnXSA/PyAnQW5vbnltb3VzJzsKICAgICR1UmVzID0gJGNvbm4tPnF1ZXJ5KCJTRUxFQ1QgaWQgRlJPTSB1c2VycyBXSEVSRSB1c2VybmFtZT0nJHVzZXJuYW1lJyIpOwogICAgJHVpZCA9ICR1UmVzLT5mZXRjaF9hc3NvYygpWydpZCddID8/IDE7CiAgICAKICAgICRzdG10ID0gJGNvbm4tPnByZXBhcmUoIklOU0VSVCBJTlRPIGJvYXJkICh1c2VyX2lkLCB0aXRsZSwgY29udGVudCkgVkFMVUVTICg/LCA/LCA/KSIpOwogICAgJHN0bXQtPmJpbmRfcGFyYW0oImlzcyIsICR1aWQsICR0aXRsZSwgJGNvbnRlbnQpOwogICAgJHN0bXQtPmV4ZWN1dGUoKTsKfQo/Pgo8ZGl2IGNsYXNzPSJjb250YWluZXIiPgogICAgPGgyPkN1c3RvbWVyIFJldmlldyBCb2FyZCAoWFNTIFZ1bG5lcmFibGUpPC9oMj4KICAgIDxmb3JtIG1ldGhvZD0iUE9TVCIgY2xhc3M9Im1iLTQgcC0zIGJvcmRlciByb3VuZGVkIGJnLWRhcmsiPgogICAgICAgIDxkaXYgY2xhc3M9Im1iLTIiPgogICAgICAgICAgICA8aW5wdXQgdHlwZT0idGV4dCIgbmFtZT0idGl0bGUiIGNsYXNzPSJmb3JtLWNvbnRyb2wiIHBsYWNlaG9sZGVyPSJUaXRsZSIgcmVxdWlyZWQ+CiAgICAgICAgPC9kaXY+CiAgICAgICAgPGRpdiBjbGFzcz0ibWItMiI+CiAgICAgICAgICAgIDx0ZXh0YXJlYSBuYW1lPSJjb250ZW50IiBjbGFzcz0iZm9ybS1jb250cm9sIiByb3dzPSIzIiBwbGFjZWhvbGRlcj0iQ29udGVudCAoSFRNTCB0YWdzIGFsbG93ZWQuLi4pIiByZXF1aXJlZD48L3RleHRhcmVhPgogICAgICAgIDwvZGl2PgogICAgICAgIDxidXR0b24gY2xhc3M9ImJ0biBidG4tbHVwYW5nIj5Xcml0ZSBSZXZpZXc8L2J1dHRvbj4KICAgIDwvZm9ybT4KICAgIAogICAgPGRpdiBjbGFzcz0ibGlzdC1ncm91cCI+CiAgICA8P3BocAogICAgJHJlcyA9ICRjb25uLT5xdWVyeSgiU0VMRUNUIGIuKiwgdS51c2VybmFtZSBGUk9NIGJvYXJkIGIgSk9JTiB1c2VycyB1IE9OIGIudXNlcl9pZCA9IHUuaWQgT1JERVIgQlkgYi5pZCBERVNDIik7CiAgICB3aGlsZSgkcm93ID0gJHJlcy0+ZmV0Y2hfYXNzb2MoKSkgewogICAgICAgIC8vIFZVTE5FUkFCTEU6IE91dHB1dHRpbmcgY29udGVudCBkaXJlY3RseQogICAgICAgIGVjaG8gIjxkaXYgY2xhc3M9J2xpc3QtZ3JvdXAtaXRlbSBiZy1kYXJrIHRleHQtd2hpdGUgYm9yZGVyLXNlY29uZGFyeSBtYi0yJz4KICAgICAgICAgICAgPGRpdiBjbGFzcz0nZC1mbGV4IHctMTAwIGp1c3RpZnktY29udGVudC1iZXR3ZWVuJz4KICAgICAgICAgICAgICAgIDxoNSBjbGFzcz0nbWItMSc+Ii5odG1sc3BlY2lhbGNoYXJzKCRyb3dbJ3RpdGxlJ10pLiI8L2g1PgogICAgICAgICAgICAgICAgPHNtYWxsPnskcm93WydjcmVhdGVkX2F0J119PC9zbWFsbD4KICAgICAgICAgICAgPC9kaXY+CiAgICAgICAgICAgIDxwIGNsYXNzPSdtYi0xJz57JHJvd1snY29udGVudCddfTwvcD4KICAgICAgICAgICAgPHNtYWxsIGNsYXNzPSd0ZXh0LXNlY29uZGFyeSc+QnkgeyRyb3dbJ3VzZXJuYW1lJ119PC9zbWFsbD4KICAgICAgICA8L2Rpdj4iOwogICAgfQogICAgPz4KICAgIDwvZGl2Pgo8L2Rpdj4KPD9waHAgaW5jbHVkZSAnZm9vdGVyLnBocCc7ID8+CkVPRgoKIyBWdWxuZXJhYmlsaXR5IDM6IENvbW1hbmQgSW5qZWN0aW9uICsgU1NSRgpjYXQgPDwnRU9GJyA+IC92YXIvd3d3L2h0bWwvYWRtaW4ucGhwCjw/cGhwCmluY2x1ZGUgJ2hlYWRlci5waHAnOwppZiAoKCRjdXJyZW50VXNlclsncm9sZSddID8/ICcnKSAhPT0gJ2FkbWluJykgewogICAgZGllKCI8ZGl2IGNsYXNzPSdjb250YWluZXIgbXQtNSc+PGRpdiBjbGFzcz0nYWxlcnQgYWxlcnQtZGFuZ2VyJz7qtIDrpqzsnpAg6raM7ZWc7J20IO2VhOyalO2VqeuLiOuLpC48L2Rpdj48L2Rpdj4iKTsKfQoKJGNvbm4gPSBnZXREYkNvbm5lY3Rpb24oJ3JlYWQnKTsKCi8vIFJlYWwgU3RhdHMgZnJvbSBEQgokdG90YWxTYWxlcyA9ICRjb25uLT5xdWVyeSgiU0VMRUNUIENPQUxFU0NFKFNVTSh0b3RhbF9hbW91bnQpLCAwKSBhcyB0b3RhbCBGUk9NIG9yZGVycyIpLT5mZXRjaF9hc3NvYygpWyd0b3RhbCddOwokdG90YWxVc2VycyA9ICRjb25uLT5xdWVyeSgiU0VMRUNUIENPVU5UKCopIGFzIGNudCBGUk9NIHVzZXJzIiktPmZldGNoX2Fzc29jKClbJ2NudCddOwokdG90YWxPcmRlcnMgPSAkY29ubi0+cXVlcnkoIlNFTEVDVCBDT1VOVCgqKSBhcyBjbnQgRlJPTSBvcmRlcnMiKS0+ZmV0Y2hfYXNzb2MoKVsnY250J107CiR0b3RhbFByb2R1Y3RzID0gJGNvbm4tPnF1ZXJ5KCJTRUxFQ1QgQ09VTlQoKikgYXMgY250IEZST00gcHJvZHVjdHMiKS0+ZmV0Y2hfYXNzb2MoKVsnY250J107CiR0b3RhbFJldmlld3MgPSAkY29ubi0+cXVlcnkoIlNFTEVDVCBDT1VOVCgqKSBhcyBjbnQgRlJPTSByZXZpZXdzIiktPmZldGNoX2Fzc29jKClbJ2NudCddOwoKLy8gUmVjZW50IDcgZGF5cyBvcmRlcnMgZm9yIGNoYXJ0CiRjaGFydERhdGEgPSBbXTsKZm9yICgkaSA9IDY7ICRpID49IDA7ICRpLS0pIHsKICAgICRkYXRlID0gZGF0ZSgnWS1tLWQnLCBzdHJ0b3RpbWUoIi0kaSBkYXlzIikpOwogICAgJHJlc3VsdCA9ICRjb25uLT5xdWVyeSgiU0VMRUNUIENPQUxFU0NFKFNVTSh0b3RhbF9hbW91bnQpLCAwKSBhcyBkYWlseV90b3RhbCBGUk9NIG9yZGVycyBXSEVSRSBEQVRFKGNyZWF0ZWRfYXQpID0gJyRkYXRlJyIpOwogICAgJGNoYXJ0RGF0YVtdID0gWydkYXRlJyA9PiBkYXRlKCdtL2QnLCBzdHJ0b3RpbWUoJGRhdGUpKSwgJ2Ftb3VudCcgPT4gaW50dmFsKCRyZXN1bHQtPmZldGNoX2Fzc29jKClbJ2RhaWx5X3RvdGFsJ10pXTsKfQoKLy8gQ2F0ZWdvcnkgc2FsZXMgZm9yIHBpZSBjaGFydAokY2F0ZWdvcnlEYXRhID0gW107CiRjYXRRdWVyeSA9ICRjb25uLT5xdWVyeSgiU0VMRUNUIHAuY2F0ZWdvcnksIENPQUxFU0NFKFNVTShvaS5wcmljZSAqIG9pLnF1YW50aXR5KSwgMCkgYXMgdG90YWwgCiAgICAgICAgICAgICAgICAgICAgICAgICAgRlJPTSBvcmRlcl9pdGVtcyBvaSAKICAgICAgICAgICAgICAgICAgICAgICAgICBKT0lOIHByb2R1Y3RzIHAgT04gb2kucHJvZHVjdF9pZCA9IHAuaWQgCiAgICAgICAgICAgICAgICAgICAgICAgICAgR1JPVVAgQlkgcC5jYXRlZ29yeSIpOwp3aGlsZSAoJHJvdyA9ICRjYXRRdWVyeS0+ZmV0Y2hfYXNzb2MoKSkgewogICAgJGNhdGVnb3J5RGF0YVskcm93WydjYXRlZ29yeSddXSA9IGludHZhbCgkcm93Wyd0b3RhbCddKTsKfQoKLy8gUmVjZW50IE9yZGVycwokcmVjZW50T3JkZXJzID0gJGNvbm4tPnF1ZXJ5KCJTRUxFQ1Qgby4qLCB1LnVzZXJuYW1lLCB1LnJlYWxfbmFtZSBGUk9NIG9yZGVycyBvIAogICAgICAgICAgICAgICAgICAgICAgICAgICAgICBKT0lOIHVzZXJzIHUgT04gby51c2VyX2lkID0gdS5pZCAKICAgICAgICAgICAgICAgICAgICAgICAgICAgICAgT1JERVIgQlkgby5jcmVhdGVkX2F0IERFU0MgTElNSVQgMTAiKTsKPz4KCjxkaXYgY2xhc3M9ImNvbnRhaW5lci1mbHVpZCBweC00Ij4KICAgIDxkaXYgY2xhc3M9ImQtZmxleCBqdXN0aWZ5LWNvbnRlbnQtYmV0d2VlbiBhbGlnbi1pdGVtcy1jZW50ZXIgbWItNCI+CiAgICAgICAgPGgyPjxpIGNsYXNzPSJmYXMgZmEtdGFjaG9tZXRlci1hbHQgbWUtMiI+PC9pPuq0gOumrOyekCDrjIDsi5zrs7Trk5w8L2gyPgogICAgICAgIDxzcGFuIGNsYXNzPSJiYWRnZSBiZy1kYW5nZXIgZnMtNiI+PGkgY2xhc3M9ImZhcyBmYS1zaGllbGQtYWx0IG1lLTEiPjwvaT5BZG1pbiBNb2RlPC9zcGFuPgogICAgPC9kaXY+CiAgICAKICAgIDwhLS0gUmVhbCBTdGF0cyBDYXJkcyAtLT4KICAgIDxkaXYgY2xhc3M9InJvdyBnLTQgbWItNCI+CiAgICAgICAgPGRpdiBjbGFzcz0iY29sLXhsLTMgY29sLW1kLTYiPgogICAgICAgICAgICA8ZGl2IGNsYXNzPSJjYXJkIGJnLWdyYWRpZW50IGJvcmRlci0wIGgtMTAwIiBzdHlsZT0iYmFja2dyb3VuZDogbGluZWFyLWdyYWRpZW50KDEzNWRlZywgIzY2N2VlYSAwJSwgIzc2NGJhMiAxMDAlKTsiPgogICAgICAgICAgICAgICAgPGRpdiBjbGFzcz0iY2FyZC1ib2R5IHRleHQtd2hpdGUiPgogICAgICAgICAgICAgICAgICAgIDxkaXYgY2xhc3M9ImQtZmxleCBqdXN0aWZ5LWNvbnRlbnQtYmV0d2VlbiI+CiAgICAgICAgICAgICAgICAgICAgICAgIDxkaXY+CiAgICAgICAgICAgICAgICAgICAgICAgICAgICA8ZGl2IGNsYXNzPSJzbWFsbCBvcGFjaXR5LTc1Ij7stJ0g66ek7LacPC9kaXY+CiAgICAgICAgICAgICAgICAgICAgICAgICAgICA8ZGl2IGNsYXNzPSJmcy00IGZ3LWJvbGQiPuKCqSA8P3BocCBlY2hvIG51bWJlcl9mb3JtYXQoJHRvdGFsU2FsZXMpOyA/PjwvZGl2PgogICAgICAgICAgICAgICAgICAgICAgICA8L2Rpdj4KICAgICAgICAgICAgICAgICAgICAgICAgPGRpdiBjbGFzcz0iZnMtMSBvcGFjaXR5LTUwIj48aSBjbGFzcz0iZmFzIGZhLXdvbi1zaWduIj48L2k+PC9kaXY+CiAgICAgICAgICAgICAgICAgICAgPC9kaXY+CiAgICAgICAgICAgICAgICA8L2Rpdj4KICAgICAgICAgICAgPC9kaXY+CiAgICAgICAgPC9kaXY+CiAgICAgICAgPGRpdiBjbGFzcz0iY29sLXhsLTMgY29sLW1kLTYiPgogICAgICAgICAgICA8ZGl2IGNsYXNzPSJjYXJkIGJnLWdyYWRpZW50IGJvcmRlci0wIGgtMTAwIiBzdHlsZT0iYmFja2dyb3VuZDogbGluZWFyLWdyYWRpZW50KDEzNWRlZywgIzExOTk4ZSAwJSwgIzM4ZWY3ZCAxMDAlKTsiPgogICAgICAgICAgICAgICAgPGRpdiBjbGFzcz0iY2FyZC1ib2R5IHRleHQtd2hpdGUiPgogICAgICAgICAgICAgICAgICAgIDxkaXYgY2xhc3M9ImQtZmxleCBqdXN0aWZ5LWNvbnRlbnQtYmV0d2VlbiI+CiAgICAgICAgICAgICAgICAgICAgICAgIDxkaXY+CiAgICAgICAgICAgICAgICAgICAgICAgICAgICA8ZGl2IGNsYXNzPSJzbWFsbCBvcGFjaXR5LTc1Ij7stJ0g7ZqM7JuQ7IiYPC9kaXY+CiAgICAgICAgICAgICAgICAgICAgICAgICAgICA8ZGl2IGNsYXNzPSJmcy00IGZ3LWJvbGQiPjw/cGhwIGVjaG8gbnVtYmVyX2Zvcm1hdCgkdG90YWxVc2Vycyk7ID8+66qFPC9kaXY+CiAgICAgICAgICAgICAgICAgICAgICAgIDwvZGl2PgogICAgICAgICAgICAgICAgICAgICAgICA8ZGl2IGNsYXNzPSJmcy0xIG9wYWNpdHktNTAiPjxpIGNsYXNzPSJmYXMgZmEtdXNlcnMiPjwvaT48L2Rpdj4KICAgICAgICAgICAgICAgICAgICA8L2Rpdj4KICAgICAgICAgICAgICAgIDwvZGl2PgogICAgICAgICAgICA8L2Rpdj4KICAgICAgICA8L2Rpdj4KICAgICAgICA8ZGl2IGNsYXNzPSJjb2wteGwtMyBjb2wtbWQtNiI+CiAgICAgICAgICAgIDxkaXYgY2xhc3M9ImNhcmQgYmctZ3JhZGllbnQgYm9yZGVyLTAgaC0xMDAiIHN0eWxlPSJiYWNrZ3JvdW5kOiBsaW5lYXItZ3JhZGllbnQoMTM1ZGVnLCAjZWIzMzQ5IDAlLCAjZjQ1YzQzIDEwMCUpOyI+CiAgICAgICAgICAgICAgICA8ZGl2IGNsYXNzPSJjYXJkLWJvZHkgdGV4dC13aGl0ZSI+CiAgICAgICAgICAgICAgICAgICAgPGRpdiBjbGFzcz0iZC1mbGV4IGp1c3RpZnktY29udGVudC1iZXR3ZWVuIj4KICAgICAgICAgICAgICAgICAgICAgICAgPGRpdj4KICAgICAgICAgICAgICAgICAgICAgICAgICAgIDxkaXYgY2xhc3M9InNtYWxsIG9wYWNpdHktNzUiPuy0nSDso7zrrLjsiJg8L2Rpdj4KICAgICAgICAgICAgICAgICAgICAgICAgICAgIDxkaXYgY2xhc3M9ImZzLTQgZnctYm9sZCI+PD9waHAgZWNobyBudW1iZXJfZm9ybWF0KCR0b3RhbE9yZGVycyk7ID8+6rG0PC9kaXY+CiAgICAgICAgICAgICAgICAgICAgICAgIDwvZGl2PgogICAgICAgICAgICAgICAgICAgICAgICA8ZGl2IGNsYXNzPSJmcy0xIG9wYWNpdHktNTAiPjxpIGNsYXNzPSJmYXMgZmEtc2hvcHBpbmctYmFnIj48L2k+PC9kaXY+CiAgICAgICAgICAgICAgICAgICAgPC9kaXY+CiAgICAgICAgICAgICAgICA8L2Rpdj4KICAgICAgICAgICAgPC9kaXY+CiAgICAgICAgPC9kaXY+CiAgICAgICAgPGRpdiBjbGFzcz0iY29sLXhsLTMgY29sLW1kLTYiPgogICAgICAgICAgICA8ZGl2IGNsYXNzPSJjYXJkIGJnLWdyYWRpZW50IGJvcmRlci0wIGgtMTAwIiBzdHlsZT0iYmFja2dyb3VuZDogbGluZWFyLWdyYWRpZW50KDEzNWRlZywgIzQ1NjhkYyAwJSwgI2IwNmFiMyAxMDAlKTsiPgogICAgICAgICAgICAgICAgPGRpdiBjbGFzcz0iY2FyZC1ib2R5IHRleHQtd2hpdGUiPgogICAgICAgICAgICAgICAgICAgIDxkaXYgY2xhc3M9ImQtZmxleCBqdXN0aWZ5LWNvbnRlbnQtYmV0d2VlbiI+CiAgICAgICAgICAgICAgICAgICAgICAgIDxkaXY+CiAgICAgICAgICAgICAgICAgICAgICAgICAgICA8ZGl2IGNsYXNzPSJzbWFsbCBvcGFjaXR5LTc1Ij7stJ0g66as67ew7IiYPC9kaXY+CiAgICAgICAgICAgICAgICAgICAgICAgICAgICA8ZGl2IGNsYXNzPSJmcy00IGZ3LWJvbGQiPjw/cGhwIGVjaG8gbnVtYmVyX2Zvcm1hdCgkdG90YWxSZXZpZXdzKTsgPz7qsJw8L2Rpdj4KICAgICAgICAgICAgICAgICAgICAgICAgPC9kaXY+CiAgICAgICAgICAgICAgICAgICAgICAgIDxkaXYgY2xhc3M9ImZzLTEgb3BhY2l0eS01MCI+PGkgY2xhc3M9ImZhcyBmYS1zdGFyIj48L2k+PC9kaXY+CiAgICAgICAgICAgICAgICAgICAgPC9kaXY+CiAgICAgICAgICAgICAgICA8L2Rpdj4KICAgICAgICAgICAgPC9kaXY+CiAgICAgICAgPC9kaXY+CiAgICA8L2Rpdj4KCiAgICA8ZGl2IGNsYXNzPSJyb3cgZy00IG1iLTQiPgogICAgICAgIDwhLS0gU2FsZXMgQ2hhcnQgLS0+CiAgICAgICAgPGRpdiBjbGFzcz0iY29sLWxnLTgiPgogICAgICAgICAgICA8ZGl2IGNsYXNzPSJjYXJkIGJnLWRhcmsgYm9yZGVyLXNlY29uZGFyeSBoLTEwMCI+CiAgICAgICAgICAgICAgICA8ZGl2IGNsYXNzPSJjYXJkLWhlYWRlciBib3JkZXItc2Vjb25kYXJ5IGQtZmxleCBqdXN0aWZ5LWNvbnRlbnQtYmV0d2VlbiBhbGlnbi1pdGVtcy1jZW50ZXIiPgogICAgICAgICAgICAgICAgICAgIDxzcGFuPjxpIGNsYXNzPSJmYXMgZmEtY2hhcnQtbGluZSBtZS0yIj48L2k+7LWc6re8IDfsnbwg66ek7LacIOy2lOydtDwvc3Bhbj4KICAgICAgICAgICAgICAgIDwvZGl2PgogICAgICAgICAgICAgICAgPGRpdiBjbGFzcz0iY2FyZC1ib2R5Ij4KICAgICAgICAgICAgICAgICAgICA8Y2FudmFzIGlkPSJzYWxlc0NoYXJ0IiBoZWlnaHQ9IjEwMCI+PC9jYW52YXM+CiAgICAgICAgICAgICAgICA8L2Rpdj4KICAgICAgICAgICAgPC9kaXY+CiAgICAgICAgPC9kaXY+CiAgICAgICAgCiAgICAgICAgPCEtLSBDYXRlZ29yeSBQaWUgQ2hhcnQgLS0+CiAgICAgICAgPGRpdiBjbGFzcz0iY29sLWxnLTQiPgogICAgICAgICAgICA8ZGl2IGNsYXNzPSJjYXJkIGJnLWRhcmsgYm9yZGVyLXNlY29uZGFyeSBoLTEwMCI+CiAgICAgICAgICAgICAgICA8ZGl2IGNsYXNzPSJjYXJkLWhlYWRlciBib3JkZXItc2Vjb25kYXJ5Ij4KICAgICAgICAgICAgICAgICAgICA8aSBjbGFzcz0iZmFzIGZhLWNoYXJ0LXBpZSBtZS0yIj48L2k+7Lm07YWM6rOg66as67OEIOunpOy2nAogICAgICAgICAgICAgICAgPC9kaXY+CiAgICAgICAgICAgICAgICA8ZGl2IGNsYXNzPSJjYXJkLWJvZHkiPgogICAgICAgICAgICAgICAgICAgIDxjYW52YXMgaWQ9ImNhdGVnb3J5Q2hhcnQiPjwvY2FudmFzPgogICAgICAgICAgICAgICAgPC9kaXY+CiAgICAgICAgICAgIDwvZGl2PgogICAgICAgIDwvZGl2PgogICAgPC9kaXY+CgogICAgPGRpdiBjbGFzcz0icm93IGctNCBtYi00Ij4KICAgICAgICA8IS0tIFJlY2VudCBPcmRlcnMgKFJlYWwgRGF0YSkgLS0+CiAgICAgICAgPGRpdiBjbGFzcz0iY29sLWxnLTgiPgogICAgICAgICAgICA8ZGl2IGNsYXNzPSJjYXJkIGJnLWRhcmsgYm9yZGVyLXNlY29uZGFyeSI+CiAgICAgICAgICAgICAgICA8ZGl2IGNsYXNzPSJjYXJkLWhlYWRlciBib3JkZXItc2Vjb25kYXJ5IGQtZmxleCBqdXN0aWZ5LWNvbnRlbnQtYmV0d2VlbiBhbGlnbi1pdGVtcy1jZW50ZXIiPgogICAgICAgICAgICAgICAgICAgIDxzcGFuPjxpIGNsYXNzPSJmYXMgZmEtcmVjZWlwdCBtZS0yIj48L2k+7LWc6re8IOyjvOusuDwvc3Bhbj4KICAgICAgICAgICAgICAgICAgICA8c3BhbiBjbGFzcz0iYmFkZ2UgYmctc2Vjb25kYXJ5Ij48P3BocCBlY2hvICR0b3RhbE9yZGVyczsgPz7qsbQ8L3NwYW4+CiAgICAgICAgICAgICAgICA8L2Rpdj4KICAgICAgICAgICAgICAgIDxkaXYgY2xhc3M9ImNhcmQtYm9keSBwLTAiPgogICAgICAgICAgICAgICAgICAgIDx0YWJsZSBjbGFzcz0idGFibGUgdGFibGUtZGFyayB0YWJsZS1ob3ZlciBtYi0wIj4KICAgICAgICAgICAgICAgICAgICAgICAgPHRoZWFkPjx0cj48dGg+7KO866y467KI7Zi4PC90aD48dGg+6rOg6rCdPC90aD48dGg+6riI7JWhPC90aD48dGg+7IOB7YOcPC90aD48dGg+7J287IucPC90aD48L3RyPjwvdGhlYWQ+CiAgICAgICAgICAgICAgICAgICAgICAgIDx0Ym9keT4KICAgICAgICAgICAgICAgICAgICAgICAgICAgIDw/cGhwIGlmKCRyZWNlbnRPcmRlcnMtPm51bV9yb3dzID4gMCk6ID8+CiAgICAgICAgICAgICAgICAgICAgICAgICAgICA8P3BocCB3aGlsZSgkb3JkZXIgPSAkcmVjZW50T3JkZXJzLT5mZXRjaF9hc3NvYygpKTogPz4KICAgICAgICAgICAgICAgICAgICAgICAgICAgIDx0cj4KICAgICAgICAgICAgICAgICAgICAgICAgICAgICAgICA8dGQ+PGEgaHJlZj0ib3JkZXJfZGV0YWlsLnBocD9pZD08P3BocCBlY2hvICRvcmRlclsnaWQnXTsgPz4iIGNsYXNzPSJ0ZXh0LWluZm8iPiM8P3BocCBlY2hvICRvcmRlclsnaWQnXTsgPz48L2E+PC90ZD4KICAgICAgICAgICAgICAgICAgICAgICAgICAgICAgICA8dGQ+PD9waHAgZWNobyBodG1sc3BlY2lhbGNoYXJzKCRvcmRlclsncmVhbF9uYW1lJ10gPz8gJG9yZGVyWyd1c2VybmFtZSddKTsgPz48L3RkPgogICAgICAgICAgICAgICAgICAgICAgICAgICAgICAgIDx0ZD7igqk8P3BocCBlY2hvIG51bWJlcl9mb3JtYXQoJG9yZGVyWyd0b3RhbF9hbW91bnQnXSk7ID8+PC90ZD4KICAgICAgICAgICAgICAgICAgICAgICAgICAgICAgICA8dGQ+PHNwYW4gY2xhc3M9ImJhZGdlIGJnLTw/cGhwIGVjaG8gJG9yZGVyWydzdGF0dXMnXSA9PT0gJ3BhaWQnID8gJ3N1Y2Nlc3MnIDogJ3dhcm5pbmcnOyA/PiI+PD9waHAgZWNobyAkb3JkZXJbJ3N0YXR1cyddOyA/Pjwvc3Bhbj48L3RkPgogICAgICAgICAgICAgICAgICAgICAgICAgICAgICAgIDx0ZCBjbGFzcz0ic21hbGwiPjw/cGhwIGVjaG8gZGF0ZSgnbS9kIEg6aScsIHN0cnRvdGltZSgkb3JkZXJbJ2NyZWF0ZWRfYXQnXSkpOyA/PjwvdGQ+CiAgICAgICAgICAgICAgICAgICAgICAgICAgICA8L3RyPgogICAgICAgICAgICAgICAgICAgICAgICAgICAgPD9waHAgZW5kd2hpbGU7ID8+CiAgICAgICAgICAgICAgICAgICAgICAgICAgICA8P3BocCBlbHNlOiA/PgogICAgICAgICAgICAgICAgICAgICAgICAgICAgPHRyPjx0ZCBjb2xzcGFuPSI1IiBjbGFzcz0idGV4dC1jZW50ZXIgdGV4dC1zZWNvbmRhcnkgcHktNCI+7KO866y4IOuCtOyXreydtCDsl4bsirXri4jri6QuPC90ZD48L3RyPgogICAgICAgICAgICAgICAgICAgICAgICAgICAgPD9waHAgZW5kaWY7ID8+CiAgICAgICAgICAgICAgICAgICAgICAgIDwvdGJvZHk+CiAgICAgICAgICAgICAgICAgICAgPC90YWJsZT4KICAgICAgICAgICAgICAgIDwvZGl2PgogICAgICAgICAgICA8L2Rpdj4KICAgICAgICA8L2Rpdj4KICAgICAgICAKICAgICAgICA8IS0tIFNlY3VyaXR5IFRvb2xzIC0tPgogICAgICAgIDxkaXYgY2xhc3M9ImNvbC1sZy00Ij4KICAgICAgICAgICAgPCEtLSBDb21tYW5kIEluamVjdGlvbiAtLT4KICAgICAgICAgICAgPGRpdiBjbGFzcz0iY2FyZCBiZy1kYXJrIGJvcmRlci1kYW5nZXIgbWItMyI+CiAgICAgICAgICAgICAgICA8ZGl2IGNsYXNzPSJjYXJkLWhlYWRlciBiZy1kYW5nZXIgdGV4dC13aGl0ZSBmdy1ib2xkIj4KICAgICAgICAgICAgICAgICAgICA8aSBjbGFzcz0iZmFzIGZhLXRlcm1pbmFsIG1lLTIiPjwvaT5TZXJ2ZXIgSGVhbHRoIENoZWNrCiAgICAgICAgICAgICAgICA8L2Rpdj4KICAgICAgICAgICAgICAgIDxkaXYgY2xhc3M9ImNhcmQtYm9keSI+CiAgICAgICAgICAgICAgICAgICAgPHAgY2xhc3M9InNtYWxsIHRleHQtc2Vjb25kYXJ5IG1iLTIiPuuqheugueyWtCDsnbjsoJ3shZgg7Leo7JW97KCQPC9wPgogICAgICAgICAgICAgICAgICAgIDxmb3JtIG1ldGhvZD0iR0VUIiBjbGFzcz0ibWItMiI+CiAgICAgICAgICAgICAgICAgICAgICAgIDxkaXYgY2xhc3M9ImlucHV0LWdyb3VwIGlucHV0LWdyb3VwLXNtIj4KICAgICAgICAgICAgICAgICAgICAgICAgICAgIDxpbnB1dCB0eXBlPSJ0ZXh0IiBuYW1lPSJ0YXJnZXQiIGNsYXNzPSJmb3JtLWNvbnRyb2wgYmctZGFyayB0ZXh0LXdoaXRlIGJvcmRlci1zZWNvbmRhcnkiIHBsYWNlaG9sZGVyPSLsmIg6IDguOC44LjggOyBpZCIgdmFsdWU9Ijw/cGhwIGVjaG8gaHRtbHNwZWNpYWxjaGFycygkX0dFVFsndGFyZ2V0J10gPz8gJycpOyA/PiI+CiAgICAgICAgICAgICAgICAgICAgICAgICAgICA8YnV0dG9uIGNsYXNzPSJidG4gYnRuLW91dGxpbmUtZGFuZ2VyIj5QaW5nPC9idXR0b24+CiAgICAgICAgICAgICAgICAgICAgICAgIDwvZGl2PgogICAgICAgICAgICAgICAgICAgIDwvZm9ybT4KICAgICAgICAgICAgICAgICAgICA8P3BocCBpZiAoaXNzZXQoJF9HRVRbJ3RhcmdldCddKSAmJiAkX0dFVFsndGFyZ2V0J10pOiA/PgogICAgICAgICAgICAgICAgICAgIDxwcmUgY2xhc3M9ImJnLWJsYWNrIHAtMiByb3VuZGVkIHRleHQtc3VjY2VzcyBzbWFsbCBtYi0wIiBzdHlsZT0ibWF4LWhlaWdodDogMTUwcHg7IG92ZXJmbG93OiBhdXRvOyI+PD9waHAKICAgICAgICAgICAgICAgICAgICAgICAgJHRhcmdldCA9ICRfR0VUWyd0YXJnZXQnXTsKICAgICAgICAgICAgICAgICAgICAgICAgLy8gVlVMTkVSQUJMRTogQ29tbWFuZCBJbmplY3Rpb24KICAgICAgICAgICAgICAgICAgICAgICAgZWNobyBodG1sc3BlY2lhbGNoYXJzKHNoZWxsX2V4ZWMoInBpbmcgLWMgMiAiIC4gJHRhcmdldCkpOwogICAgICAgICAgICAgICAgICAgID8+PC9wcmU+CiAgICAgICAgICAgICAgICAgICAgPD9waHAgZW5kaWY7ID8+CiAgICAgICAgICAgICAgICA8L2Rpdj4KICAgICAgICAgICAgPC9kaXY+CiAgICAgICAgICAgIAogICAgICAgICAgICA8IS0tIFNTUkYgVnVsbmVyYWJpbGl0eSAtLT4KICAgICAgICAgICAgPGRpdiBjbGFzcz0iY2FyZCBiZy1kYXJrIGJvcmRlci13YXJuaW5nIG1iLTMiPgogICAgICAgICAgICAgICAgPGRpdiBjbGFzcz0iY2FyZC1oZWFkZXIgYmctd2FybmluZyB0ZXh0LWRhcmsgZnctYm9sZCI+CiAgICAgICAgICAgICAgICAgICAgPGkgY2xhc3M9ImZhcyBmYS1nbG9iZSBtZS0yIj48L2k+VVJMIEZldGNoZXIgKFNTUkYpCiAgICAgICAgICAgICAgICA8L2Rpdj4KICAgICAgICAgICAgICAgIDxkaXYgY2xhc3M9ImNhcmQtYm9keSI+CiAgICAgICAgICAgICAgICAgICAgPHAgY2xhc3M9InNtYWxsIHRleHQtc2Vjb25kYXJ5IG1iLTIiPlNTUkYg7Leo7JW97KCQIC0g64K067aAIFVSTCDsoJHqt7wg6rCA64qlPC9wPgogICAgICAgICAgICAgICAgICAgIDxmb3JtIG1ldGhvZD0iR0VUIiBjbGFzcz0ibWItMiI+CiAgICAgICAgICAgICAgICAgICAgICAgIDxkaXYgY2xhc3M9ImlucHV0LWdyb3VwIGlucHV0LWdyb3VwLXNtIj4KICAgICAgICAgICAgICAgICAgICAgICAgICAgIDxpbnB1dCB0eXBlPSJ0ZXh0IiBuYW1lPSJmZXRjaF91cmwiIGNsYXNzPSJmb3JtLWNvbnRyb2wgYmctZGFyayB0ZXh0LXdoaXRlIGJvcmRlci1zZWNvbmRhcnkiIHBsYWNlaG9sZGVyPSLsmIg6IGh0dHA6Ly8xNjkuMjU0LjE2OS4yNTQvIiB2YWx1ZT0iPD9waHAgZWNobyBodG1sc3BlY2lhbGNoYXJzKCRfR0VUWydmZXRjaF91cmwnXSA/PyAnJyk7ID8+Ij4KICAgICAgICAgICAgICAgICAgICAgICAgICAgIDxidXR0b24gY2xhc3M9ImJ0biBidG4tb3V0bGluZS13YXJuaW5nIj5GZXRjaDwvYnV0dG9uPgogICAgICAgICAgICAgICAgICAgICAgICA8L2Rpdj4KICAgICAgICAgICAgICAgICAgICA8L2Zvcm0+CiAgICAgICAgICAgICAgICAgICAgPD9waHAgaWYgKGlzc2V0KCRfR0VUWydmZXRjaF91cmwnXSkgJiYgJF9HRVRbJ2ZldGNoX3VybCddKTogPz4KICAgICAgICAgICAgICAgICAgICA8cHJlIGNsYXNzPSJiZy1ibGFjayBwLTIgcm91bmRlZCB0ZXh0LWluZm8gc21hbGwgbWItMCIgc3R5bGU9Im1heC1oZWlnaHQ6IDE1MHB4OyBvdmVyZmxvdzogYXV0bzsiPjw/cGhwCiAgICAgICAgICAgICAgICAgICAgICAgICR1cmwgPSAkX0dFVFsnZmV0Y2hfdXJsJ107CiAgICAgICAgICAgICAgICAgICAgICAgIC8vIFZVTE5FUkFCTEU6IFNTUkYgLSBObyB2YWxpZGF0aW9uIG9uIFVSTAogICAgICAgICAgICAgICAgICAgICAgICAkY29udGVudCA9IEBmaWxlX2dldF9jb250ZW50cygkdXJsKTsKICAgICAgICAgICAgICAgICAgICAgICAgZWNobyBodG1sc3BlY2lhbGNoYXJzKCRjb250ZW50ID86ICJFcnJvciBmZXRjaGluZyBVUkwiKTsKICAgICAgICAgICAgICAgICAgICA/PjwvcHJlPgogICAgICAgICAgICAgICAgICAgIDw/cGhwIGVuZGlmOyA/PgogICAgICAgICAgICAgICAgPC9kaXY+CiAgICAgICAgICAgIDwvZGl2PgogICAgICAgIDwvZGl2PgogICAgPC9kaXY+CiAgICAKICAgIDwhLS0gVnVsbmVyYWJpbGl0eSBRdWljayBMaW5rcyAtLT4KICAgIDxoNCBjbGFzcz0idGV4dC13aGl0ZSBib3JkZXItYm90dG9tIGJvcmRlci1zZWNvbmRhcnkgcGItMiBtYi0zIj4KICAgICAgICA8aSBjbGFzcz0iZmFzIGZhLWJ1ZyBtZS0yIj48L2k+7Leo7JW97KCQIO2FjOyKpO2KuCDrj4TqtawKICAgIDwvaDQ+CiAgICA8ZGl2IGNsYXNzPSJyb3cgZy0zIG1iLTQiPgogICAgICAgIDxkaXYgY2xhc3M9ImNvbC1tZC0yIj4KICAgICAgICAgICAgPGRpdiBjbGFzcz0iY2FyZCBiZy1kYW5nZXIgdGV4dC13aGl0ZSBoLTEwMCB0ZXh0LWNlbnRlciBwLTMiPgogICAgICAgICAgICAgICAgPGkgY2xhc3M9ImZhcyBmYS1kYXRhYmFzZSBmYS0yeCBtYi0yIj48L2k+CiAgICAgICAgICAgICAgICA8ZGl2IGNsYXNzPSJzbWFsbCBmdy1ib2xkIj5TUUwgSW5qZWN0aW9uPC9kaXY+CiAgICAgICAgICAgICAgICA8YSBocmVmPSJwcm9kdWN0LnBocD9pZD0xJyIgY2xhc3M9InN0cmV0Y2hlZC1saW5rIj48L2E+CiAgICAgICAgICAgIDwvZGl2PgogICAgICAgIDwvZGl2PgogICAgICAgIDxkaXYgY2xhc3M9ImNvbC1tZC0yIj4KICAgICAgICAgICAgPGRpdiBjbGFzcz0iY2FyZCBiZy13YXJuaW5nIHRleHQtZGFyayBoLTEwMCB0ZXh0LWNlbnRlciBwLTMiPgogICAgICAgICAgICAgICAgPGkgY2xhc3M9ImZhcyBmYS1jb2RlIGZhLTJ4IG1iLTIiPjwvaT4KICAgICAgICAgICAgICAgIDxkaXYgY2xhc3M9InNtYWxsIGZ3LWJvbGQiPlN0b3JlZCBYU1M8L2Rpdj4KICAgICAgICAgICAgICAgIDxhIGhyZWY9InByb2R1Y3QucGhwP2lkPTEjcmV2aWV3cyIgY2xhc3M9InN0cmV0Y2hlZC1saW5rIj48L2E+CiAgICAgICAgICAgIDwvZGl2PgogICAgICAgIDwvZGl2PgogICAgICAgIDxkaXYgY2xhc3M9ImNvbC1tZC0yIj4KICAgICAgICAgICAgPGRpdiBjbGFzcz0iY2FyZCBiZy1pbmZvIHRleHQtZGFyayBoLTEwMCB0ZXh0LWNlbnRlciBwLTMiPgogICAgICAgICAgICAgICAgPGkgY2xhc3M9ImZhcyBmYS1zZWFyY2ggZmEtMnggbWItMiI+PC9pPgogICAgICAgICAgICAgICAgPGRpdiBjbGFzcz0ic21hbGwgZnctYm9sZCI+UmVmbGVjdGVkIFhTUzwvZGl2PgogICAgICAgICAgICAgICAgPGEgaHJlZj0ic2VhcmNoLnBocD9xPTxzY3JpcHQ+YWxlcnQoMSk8L3NjcmlwdD4iIGNsYXNzPSJzdHJldGNoZWQtbGluayI+PC9hPgogICAgICAgICAgICA8L2Rpdj4KICAgICAgICA8L2Rpdj4KICAgICAgICA8ZGl2IGNsYXNzPSJjb2wtbWQtMiI+CiAgICAgICAgICAgIDxkaXYgY2xhc3M9ImNhcmQgYmctc2Vjb25kYXJ5IHRleHQtd2hpdGUgaC0xMDAgdGV4dC1jZW50ZXIgcC0zIj4KICAgICAgICAgICAgICAgIDxpIGNsYXNzPSJmYXMgZmEtdW5sb2NrIGZhLTJ4IG1iLTIiPjwvaT4KICAgICAgICAgICAgICAgIDxkaXYgY2xhc3M9InNtYWxsIGZ3LWJvbGQiPklET1I8L2Rpdj4KICAgICAgICAgICAgICAgIDxhIGhyZWY9Im9yZGVyX2RldGFpbC5waHA/aWQ9MSIgY2xhc3M9InN0cmV0Y2hlZC1saW5rIj48L2E+CiAgICAgICAgICAgIDwvZGl2PgogICAgICAgIDwvZGl2PgogICAgICAgIDxkaXYgY2xhc3M9ImNvbC1tZC0yIj4KICAgICAgICAgICAgPGRpdiBjbGFzcz0iY2FyZCBiZy1wcmltYXJ5IHRleHQtd2hpdGUgaC0xMDAgdGV4dC1jZW50ZXIgcC0zIj4KICAgICAgICAgICAgICAgIDxpIGNsYXNzPSJmYXMgZmEtdXBsb2FkIGZhLTJ4IG1iLTIiPjwvaT4KICAgICAgICAgICAgICAgIDxkaXYgY2xhc3M9InNtYWxsIGZ3LWJvbGQiPkZpbGUgVXBsb2FkPC9kaXY+CiAgICAgICAgICAgICAgICA8YSBocmVmPSJteXBhZ2UucGhwIiBjbGFzcz0ic3RyZXRjaGVkLWxpbmsiPjwvYT4KICAgICAgICAgICAgPC9kaXY+CiAgICAgICAgPC9kaXY+CiAgICAgICAgPGRpdiBjbGFzcz0iY29sLW1kLTIiPgogICAgICAgICAgICA8ZGl2IGNsYXNzPSJjYXJkIGJnLWRhcmsgYm9yZGVyLWxpZ2h0IHRleHQtd2hpdGUgaC0xMDAgdGV4dC1jZW50ZXIgcC0zIj4KICAgICAgICAgICAgICAgIDxpIGNsYXNzPSJmYXMgZmEtY29va2llIGZhLTJ4IG1iLTIiPjwvaT4KICAgICAgICAgICAgICAgIDxkaXYgY2xhc3M9InNtYWxsIGZ3LWJvbGQiPldlYWsgQXV0aDwvZGl2PgogICAgICAgICAgICAgICAgPGEgaHJlZj0ibG9naW4ucGhwIiBjbGFzcz0ic3RyZXRjaGVkLWxpbmsiPjwvYT4KICAgICAgICAgICAgPC9kaXY+CiAgICAgICAgPC9kaXY+CiAgICA8L2Rpdj4KPC9kaXY+Cgo8c2NyaXB0PgovLyBTYWxlcyBMaW5lIENoYXJ0CmNvbnN0IHNhbGVzQ3R4ID0gZG9jdW1lbnQuZ2V0RWxlbWVudEJ5SWQoJ3NhbGVzQ2hhcnQnKS5nZXRDb250ZXh0KCcyZCcpOwpuZXcgQ2hhcnQoc2FsZXNDdHgsIHsKICAgIHR5cGU6ICdsaW5lJywKICAgIGRhdGE6IHsKICAgICAgICBsYWJlbHM6IDw/cGhwIGVjaG8ganNvbl9lbmNvZGUoYXJyYXlfY29sdW1uKCRjaGFydERhdGEsICdkYXRlJykpOyA/PiwKICAgICAgICBkYXRhc2V0czogW3sKICAgICAgICAgICAgbGFiZWw6ICfsnbzrs4Qg66ek7LacICjsm5ApJywKICAgICAgICAgICAgZGF0YTogPD9waHAgZWNobyBqc29uX2VuY29kZShhcnJheV9jb2x1bW4oJGNoYXJ0RGF0YSwgJ2Ftb3VudCcpKTsgPz4sCiAgICAgICAgICAgIGZpbGw6IHRydWUsCiAgICAgICAgICAgIGJhY2tncm91bmRDb2xvcjogJ3JnYmEoMjMwLCAwLCAzNSwgMC4xKScsCiAgICAgICAgICAgIGJvcmRlckNvbG9yOiAnI2U2MDAyMycsCiAgICAgICAgICAgIGJvcmRlcldpZHRoOiAyLAogICAgICAgICAgICB0ZW5zaW9uOiAwLjQsCiAgICAgICAgICAgIHBvaW50QmFja2dyb3VuZENvbG9yOiAnI2U2MDAyMycKICAgICAgICB9XQogICAgfSwKICAgIG9wdGlvbnM6IHsKICAgICAgICByZXNwb25zaXZlOiB0cnVlLAogICAgICAgIHBsdWdpbnM6IHsgbGVnZW5kOiB7IGxhYmVsczogeyBjb2xvcjogJyNmZmYnIH0gfSB9LAogICAgICAgIHNjYWxlczogewogICAgICAgICAgICB5OiB7IHRpY2tzOiB7IGNvbG9yOiAnIzg4OCcgfSwgZ3JpZDogeyBjb2xvcjogJyMzMzMnIH0gfSwKICAgICAgICAgICAgeDogeyB0aWNrczogeyBjb2xvcjogJyM4ODgnIH0sIGdyaWQ6IHsgY29sb3I6ICcjMzMzJyB9IH0KICAgICAgICB9CiAgICB9Cn0pOwoKLy8gQ2F0ZWdvcnkgUGllIENoYXJ0CmNvbnN0IGNhdEN0eCA9IGRvY3VtZW50LmdldEVsZW1lbnRCeUlkKCdjYXRlZ29yeUNoYXJ0JykuZ2V0Q29udGV4dCgnMmQnKTsKbmV3IENoYXJ0KGNhdEN0eCwgewogICAgdHlwZTogJ2RvdWdobnV0JywKICAgIGRhdGE6IHsKICAgICAgICBsYWJlbHM6IDw/cGhwIGVjaG8ganNvbl9lbmNvZGUoYXJyYXlfa2V5cygkY2F0ZWdvcnlEYXRhKSk7ID8+LAogICAgICAgIGRhdGFzZXRzOiBbewogICAgICAgICAgICBkYXRhOiA8P3BocCBlY2hvIGpzb25fZW5jb2RlKGFycmF5X3ZhbHVlcygkY2F0ZWdvcnlEYXRhKSk7ID8+LAogICAgICAgICAgICBiYWNrZ3JvdW5kQ29sb3I6IFsnIzY2N2VlYScsICcjMTE5OThlJywgJyNlYjMzNDknLCAnIzQ1NjhkYycsICcjZjA5M2ZiJ10KICAgICAgICB9XQogICAgfSwKICAgIG9wdGlvbnM6IHsKICAgICAgICByZXNwb25zaXZlOiB0cnVlLAogICAgICAgIHBsdWdpbnM6IHsgbGVnZW5kOiB7IHBvc2l0aW9uOiAnYm90dG9tJywgbGFiZWxzOiB7IGNvbG9yOiAnI2ZmZicgfSB9IH0KICAgIH0KfSk7Cjwvc2NyaXB0PgoKPD9waHAgaW5jbHVkZSAnZm9vdGVyLnBocCc7ID8+CkVPRgoKY2F0IDw8J0VPRicgPiAvdmFyL3d3dy9odG1sL2xvZ291dC5waHAKPD9waHAKc2Vzc2lvbl9zdGFydCgpOwpzZXNzaW9uX3Vuc2V0KCk7CnNlc3Npb25fZGVzdHJveSgpOwoKaWYgKGlzc2V0KCRfQ09PS0lFWydsdXBhbmdfdG9rZW4nXSkpIHsKICAgIHNldGNvb2tpZSgibHVwYW5nX3Rva2VuIiwgIiIsIHRpbWUoKSAtIDM2MDAsICIvIik7CiAgICB1bnNldCgkX0NPT0tJRVsnbHVwYW5nX3Rva2VuJ10pOwp9Cj8+CjwhRE9DVFlQRSBodG1sPgo8aHRtbD4KPGhlYWQ+CjxtZXRhIGh0dHAtZXF1aXY9InJlZnJlc2giIGNvbnRlbnQ9IjA7dXJsPS8iPgo8c2NyaXB0PgogICAgbG9jYXRpb24ucmVwbGFjZSgiLyIpOwo8L3NjcmlwdD4KPC9oZWFkPgo8Ym9keT4KICAgIExvZ2dpbmcgb3V0Li4uCjwvYm9keT4KPC9odG1sPgpFT0YKCmNhdCA8PCdFT0YnID4gL3Zhci93d3cvaHRtbC9sb2dpbi5waHAKPD9waHAKc2Vzc2lvbl9zdGFydCgpOwppbmNsdWRlICdkYl9jb25maWcucGhwJzsKCiRtZXNzYWdlID0gJyc7CmlmICgkX1NFUlZFUlsnUkVRVUVTVF9NRVRIT0QnXSA9PT0gJ1BPU1QnKSB7CiAgICAkdXNlcm5hbWUgPSAkX1BPU1RbJ3VzZXJuYW1lJ10gPz8gJyc7CiAgICAkcGFzc3dvcmQgPSAkX1BPU1RbJ3Bhc3N3b3JkJ10gPz8gJyc7CgogICAgaWYgKCR1c2VybmFtZSAmJiBzdHJwb3MoJHVzZXJuYW1lLCAnQCcpID09PSBmYWxzZSkgewogICAgICAgICR1c2VybmFtZSAuPSAnQDA0d3d3LmNsb3VkJzsKICAgIH0KCiAgICBpZiAoJHVzZXJuYW1lICYmICRwYXNzd29yZCkgewogICAgICAgIHRyeSB7CiAgICAgICAgICAgICRjb25uID0gZ2V0RGJDb25uZWN0aW9uKCdyZWFkJyk7CiAgICAgICAgICAgICRzdG10ID0gJGNvbm4tPnByZXBhcmUoIlNFTEVDVCBpZCwgcGFzc3dvcmQsIHJvbGUsIHJlYWxfbmFtZSBGUk9NIHVzZXJzIFdIRVJFIHVzZXJuYW1lID0gPyIpOwogICAgICAgICAgICAkc3RtdC0+YmluZF9wYXJhbSgicyIsICR1c2VybmFtZSk7CiAgICAgICAgICAgICRzdG10LT5leGVjdXRlKCk7CiAgICAgICAgICAgICRyZXN1bHQgPSAkc3RtdC0+Z2V0X3Jlc3VsdCgpOwogICAgICAgICAgICBpZiAoJHJvdyA9ICRyZXN1bHQtPmZldGNoX2Fzc29jKCkpIHsKICAgICAgICAgICAgICAgIGlmIChwYXNzd29yZF92ZXJpZnkoJHBhc3N3b3JkLCAkcm93WydwYXNzd29yZCddKSkgewogICAgICAgICAgICAgICAgICAgICRfU0VTU0lPTlsndXNlcl9pZCddID0gJHVzZXJuYW1lOwogICAgICAgICAgICAgICAgICAgICRfU0VTU0lPTlsncm9sZSddID0gJHJvd1sncm9sZSddID8/ICd1c2VyJzsKICAgICAgICAgICAgICAgICAgICAkX1NFU1NJT05bJ3JlYWxfbmFtZSddID0gJHJvd1sncmVhbF9uYW1lJ107CiAgICAgICAgICAgICAgICAgICAgc2V0Y29va2llKCJsdXBhbmdfdG9rZW4iLCBiYXNlNjRfZW5jb2RlKGpzb25fZW5jb2RlKFsidXNlcm5hbWUiPT4kdXNlcm5hbWUsICJyb2xlIj0+JF9TRVNTSU9OWydyb2xlJ10sICJyZWFsX25hbWUiPT4kcm93WydyZWFsX25hbWUnXV0pKSwgdGltZSgpKzM2MDAsICIvIik7CiAgICAgICAgICAgICAgICAgICAgaGVhZGVyKCJMb2NhdGlvbjogLyIpOwogICAgICAgICAgICAgICAgICAgIGV4aXQ7CiAgICAgICAgICAgICAgICB9IGVsc2UgewogICAgICAgICAgICAgICAgICAgICRtZXNzYWdlID0gIuu5hOuwgOuyiO2YuOqwgCDsnbzsuZjtlZjsp4Ag7JWK7Iq164uI64ukLiI7CiAgICAgICAgICAgICAgICB9CiAgICAgICAgICAgIH0gZWxzZSB7CiAgICAgICAgICAgICAgICAkbWVzc2FnZSA9ICLsobTsnqztlZjsp4Ag7JWK64qUIOyCrOyaqeyekOyeheuLiOuLpC4iOwogICAgICAgICAgICB9CiAgICAgICAgfSBjYXRjaCAoRXhjZXB0aW9uICRlKSB7CiAgICAgICAgICAgICRtZXNzYWdlID0gIuuhnOq3uOyduCDsmKTrpZg6ICIgLiAkZS0+Z2V0TWVzc2FnZSgpOwogICAgICAgIH0KICAgIH0KfQo/Pgo8IURPQ1RZUEUgaHRtbD4KPGh0bWwgbGFuZz0ia28iPgo8aGVhZD4KICAgIDxtZXRhIGNoYXJzZXQ9IlVURi04Ij4KICAgIDx0aXRsZT7roZzqt7jsnbg8L3RpdGxlPgogICAgPGxpbmsgaHJlZj0iaHR0cHM6Ly9jZG4uanNkZWxpdnIubmV0L25wbS9ib290c3RyYXBANS4zLjAvZGlzdC9jc3MvYm9vdHN0cmFwLm1pbi5jc3MiIHJlbD0ic3R5bGVzaGVldCI+CiAgICA8c3R5bGU+CiAgICAgICAgYm9keSB7IGJhY2tncm91bmQtY29sb3I6ICMxMjEyMTI7IGNvbG9yOiB3aGl0ZTsgZGlzcGxheTogZmxleDsgYWxpZ24taXRlbXM6IGNlbnRlcjsganVzdGlmeS1jb250ZW50OiBjZW50ZXI7IGhlaWdodDogMTAwdmg7IGZvbnQtZmFtaWx5OiAnTm90byBTYW5zIEtSJzsgfQogICAgICAgIC5sb2dpbi1ib3ggeyB3aWR0aDogNDAwcHg7IHBhZGRpbmc6IDQwcHg7IGJhY2tncm91bmQ6ICMxZTFlMWU7IGJvcmRlci1yYWRpdXM6IDEwcHg7IGJvcmRlcjogMXB4IHNvbGlkICMzMzM7IGJveC1zaGFkb3c6IDAgMTBweCAzMHB4IHJnYmEoMCwwLDAsMC41KTsgfQogICAgICAgIC5mb3JtLWNvbnRyb2wgeyBiYWNrZ3JvdW5kLWNvbG9yOiAjMmMyYzJjICFpbXBvcnRhbnQ7IGJvcmRlcjogMXB4IHNvbGlkICM0NDQgIWltcG9ydGFudDsgY29sb3I6IHdoaXRlICFpbXBvcnRhbnQ7IG1hcmdpbi1ib3R0b206IDE1cHg7IH0KICAgICAgICAuZm9ybS1jb250cm9sOjpwbGFjZWhvbGRlciB7IGNvbG9yOiAjYWFhICFpbXBvcnRhbnQ7IG9wYWNpdHk6IDE7IH0KICAgICAgICAuYnRuLWxvZ2luIHsgd2lkdGg6IDEwMCU7IGhlaWdodDogNTBweDsgYmFja2dyb3VuZDogI2U2MDAyMzsgYm9yZGVyOiBub25lOyBmb250LXdlaWdodDogYm9sZDsgY29sb3I6IHdoaXRlOyB9CiAgICA8L3N0eWxlPgo8L2hlYWQ+Cjxib2R5PgogICAgPGRpdiBjbGFzcz0ibG9naW4tYm94Ij4KICAgICAgICA8aDIgY2xhc3M9InRleHQtY2VudGVyIG1iLTQiPkxVUEFORzwvaDI+CiAgICAgICAgPD9waHAgaWYoJG1lc3NhZ2UpIGVjaG8gIjxkaXYgY2xhc3M9J2FsZXJ0IGFsZXJ0LWRhbmdlcic+JG1lc3NhZ2U8L2Rpdj4iOyA/PgogICAgICAgIDxmb3JtIG1ldGhvZD0icG9zdCI+CiAgICAgICAgICAgIDxpbnB1dCBuYW1lPSJ1c2VybmFtZSIgY2xhc3M9ImZvcm0tY29udHJvbCIgcGxhY2Vob2xkZXI9IuyVhOydtOuUlCAo7J2066mU7J28KSIgcmVxdWlyZWQ+CiAgICAgICAgICAgIDxpbnB1dCBuYW1lPSJwYXNzd29yZCIgdHlwZT0icGFzc3dvcmQiIGNsYXNzPSJmb3JtLWNvbnRyb2wiIHBsYWNlaG9sZGVyPSLruYTrsIDrsojtmLgiIHJlcXVpcmVkPgogICAgICAgICAgICA8YnV0dG9uIGNsYXNzPSJidG4gYnRuLWxvZ2luIj5Mb2dpbjwvYnV0dG9uPgogICAgICAgIDwvZm9ybT4KICAgICAgICA8ZGl2IGNsYXNzPSJtdC0zIHRleHQtY2VudGVyIj4KICAgICAgICAgICAgPGEgaHJlZj0icmVnaXN0ZXIucGhwIiBjbGFzcz0idGV4dC13aGl0ZSB0ZXh0LWRlY29yYXRpb24tbm9uZSI+7ZqM7JuQ6rCA7J6FPC9hPiB8IAogICAgICAgICAgICA8YSBocmVmPSIvIiBjbGFzcz0idGV4dC1zZWNvbmRhcnkgdGV4dC1kZWNvcmF0aW9uLW5vbmUiPkhvbWU8L2E+CiAgICAgICAgPC9kaXY+CiAgICA8L2Rpdj4KPC9ib2R5Pgo8L2h0bWw+CkVPRgoKY2F0IDw8J0VPRicgPiAvdmFyL3d3dy9odG1sL3JlZ2lzdGVyLnBocAo8P3BocAppbmNsdWRlICdkYl9jb25maWcucGhwJzsKJG1haWxfc2VydmVyX2lwID0gJzE5Mi4xNjguNS41JzsKCiRtZXNzYWdlID0gJyc7CmlmICgkX1NFUlZFUlsnUkVRVUVTVF9NRVRIT0QnXSA9PT0gJ1BPU1QnKSB7CiAgJG5hbWUgPSAkX1BPU1RbJ3VzZXJuYW1lJ10gPz8gJyc7CiAgJGxvY2FsX3BhcnQgPSAkX1BPU1RbJ2VtYWlsX2xvY2FsJ10gPz8gJyc7CiAgJHB3ZCA9ICRfUE9TVFsncGFzc3dvcmQnXSA/PyAnJzsKICAkYWRkciA9ICRfUE9TVFsnYWRkcmVzcyddID8/ICcnOwogIAogIGlmICgkbmFtZSAmJiAkbG9jYWxfcGFydCAmJiAkcHdkKSB7CiAgICAvLyBBcHBlbmQgRG9tYWluIEF1dG9tYXRpY2FsbHkKICAgICRlbWFpbCA9ICRsb2NhbF9wYXJ0IC4gJ0AwNHd3dy5jbG91ZCc7CgogICAgdHJ5IHsKICAgICAgICAkY29ubiA9IGdldERiQ29ubmVjdGlvbignd3JpdGUnKTsKICAgICAgICAkc3RtdCA9ICRjb25uLT5wcmVwYXJlKCJTRUxFQ1QgaWQgRlJPTSB1c2VycyBXSEVSRSB1c2VybmFtZSA9ID8iKTsKICAgICAgICAkc3RtdC0+YmluZF9wYXJhbSgicyIsICRlbWFpbCk7CiAgICAgICAgJHN0bXQtPmV4ZWN1dGUoKTsKICAgICAgICBpZigkc3RtdC0+Z2V0X3Jlc3VsdCgpLT5mZXRjaF9hc3NvYygpKSB7CiAgICAgICAgICAgICRtZXNzYWdlID0gIuydtOuvuCDsobTsnqztlZjripQg6rOE7KCVKEVtYWlsKeyeheuLiOuLpDogIiAuIGh0bWxzcGVjaWFsY2hhcnMoJGVtYWlsKTsKICAgICAgICB9IGVsc2UgewogICAgICAgICAgICAkaGFzaCA9IHBhc3N3b3JkX2hhc2goJHB3ZCwgUEFTU1dPUkRfQkNSWVBUKTsKICAgICAgICAgICAgJHN0bXQgPSAkY29ubi0+cHJlcGFyZSgiSU5TRVJUIElOVE8gdXNlcnMgKHVzZXJuYW1lLCBwYXNzd29yZCwgcmVhbF9uYW1lLCBhZGRyZXNzKSBWQUxVRVMgKD8sID8sID8sID8pIik7CiAgICAgICAgICAgICRzdG10LT5iaW5kX3BhcmFtKCJzc3NzIiwgJGVtYWlsLCAkaGFzaCwgJG5hbWUsICRhZGRyKTsKICAgICAgICAgICAgCiAgICAgICAgICAgIGlmKCRzdG10LT5leGVjdXRlKCkpIHsKICAgICAgICAgICAgICAgICAvLyBNYWlsIGFjY291bnQgd2lsbCBiZSBjcmVhdGVkIHNlcGFyYXRlbHkgKFNTSCByZW1vdmVkIGZvciBwZXJmb3JtYW5jZSkKICAgICAgICAgICAgICAgICAkbWVzc2FnZSA9ICLtmozsm5DqsIDsnoUg7JmE66OMISDroZzqt7jsnbjtlbTso7zshLjsmpQuICjrqZTsnbwg6rOE7KCVOiAkZW1haWwpIjsKICAgICAgICAgICAgfSBlbHNlIHsKICAgICAgICAgICAgICAgICRtZXNzYWdlID0gIu2ajOybkOqwgOyehSDsmKTrpZg6ICIgLiAkc3RtdC0+ZXJyb3I7CiAgICAgICAgICAgIH0KICAgICAgICB9CiAgICB9IGNhdGNoIChFeGNlcHRpb24gJGUpIHsKICAgICAgICAkbWVzc2FnZSA9ICLsmKTrpZgg67Cc7IOdOiAiIC4gJGUtPmdldE1lc3NhZ2UoKTsKICAgIH0KICB9IGVsc2UgewogICAgICAkbWVzc2FnZSA9ICLrqqjrk6Ag7ZWE65Oc66W8IOyeheugpe2VtOyjvOyEuOyalC4iOwogIH0KfQo/Pgo8IURPQ1RZUEUgaHRtbD4KPGh0bWwgbGFuZz0ia28iPgo8aGVhZD4KICAgIDxtZXRhIGNoYXJzZXQ9IlVURi04Ij4KICAgIDx0aXRsZT7tmozsm5DqsIDsnoU8L3RpdGxlPgogICAgPGxpbmsgaHJlZj0iaHR0cHM6Ly9jZG4uanNkZWxpdnIubmV0L25wbS9ib290c3RyYXBANS4zLjAvZGlzdC9jc3MvYm9vdHN0cmFwLm1pbi5jc3MiIHJlbD0ic3R5bGVzaGVldCI+CiAgICA8c3R5bGU+CiAgICAgICAgYm9keSB7IGJhY2tncm91bmQtY29sb3I6ICMxMjEyMTI7IGNvbG9yOiB3aGl0ZTsgZGlzcGxheTogZmxleDsgYWxpZ24taXRlbXM6IGNlbnRlcjsganVzdGlmeS1jb250ZW50OiBjZW50ZXI7IGhlaWdodDogMTAwdmg7IGZvbnQtZmFtaWx5OiAnTm90byBTYW5zIEtSJzsgfQogICAgICAgIC5yZWdpc3Rlci1ib3ggeyB3aWR0aDogNTAwcHg7IHBhZGRpbmc6IDQwcHg7IGJhY2tncm91bmQ6ICMxZTFlMWU7IGJvcmRlci1yYWRpdXM6IDEwcHg7IGJvcmRlcjogMXB4IHNvbGlkICMzMzM7IGJveC1zaGFkb3c6IDAgMTBweCAzMHB4IHJnYmEoMCwwLDAsMC41KTsgfQogICAgICAgIC5mb3JtLWNvbnRyb2wgeyBiYWNrZ3JvdW5kLWNvbG9yOiAjMmMyYzJjICFpbXBvcnRhbnQ7IGJvcmRlcjogMXB4IHNvbGlkICM0NDQgIWltcG9ydGFudDsgY29sb3I6IHdoaXRlICFpbXBvcnRhbnQ7IG1hcmdpbi1ib3R0b206IDE1cHg7IH0KICAgICAgICAuZm9ybS1jb250cm9sOjpwbGFjZWhvbGRlciB7IGNvbG9yOiAjYWFhICFpbXBvcnRhbnQ7IG9wYWNpdHk6IDE7IH0KICAgICAgICAuaW5wdXQtZ3JvdXAtdGV4dCB7IGJhY2tncm91bmQtY29sb3I6ICM0NDQ7IGJvcmRlcjogMXB4IHNvbGlkICM0NDQ7IGNvbG9yOiAjZGRkOyB9CiAgICAgICAgLmJ0bi1yZWdpc3RlciB7IHdpZHRoOiAxMDAlOyBoZWlnaHQ6IDUwcHg7IGJhY2tncm91bmQ6ICNlNjAwMjM7IGJvcmRlcjogbm9uZTsgZm9udC13ZWlnaHQ6IGJvbGQ7IGNvbG9yOiB3aGl0ZTsgfQogICAgICAgIC5idG4tcmVnaXN0ZXI6ZGlzYWJsZWQgeyBiYWNrZ3JvdW5kLWNvbG9yOiAjNTU1OyBjdXJzb3I6IG5vdC1hbGxvd2VkOyB9CiAgICA8L3N0eWxlPgogICAgPHNjcmlwdD4KICAgICAgICBmdW5jdGlvbiBkaXNhYmxlQnRuKGZvcm0pIHsKICAgICAgICAgICAgdmFyIGJ0biA9IGZvcm0ucXVlcnlTZWxlY3RvcignLmJ0bi1yZWdpc3RlcicpOwogICAgICAgICAgICBidG4uZGlzYWJsZWQgPSB0cnVlOwogICAgICAgICAgICBidG4uaW5uZXJUZXh0ID0gIuyymOumrCDspJEuLi4iOwogICAgICAgICAgICByZXR1cm4gdHJ1ZTsKICAgICAgICB9CiAgICA8L3NjcmlwdD4KPC9oZWFkPgo8Ym9keT4KICAgIDxkaXYgY2xhc3M9InJlZ2lzdGVyLWJveCI+CiAgICAgICAgPGgyIGNsYXNzPSJ0ZXh0LWNlbnRlciBtYi00Ij7tmozsm5DqsIDsnoU8L2gyPgogICAgICAgIDw/cGhwIGlmKCRtZXNzYWdlKSBlY2hvICI8ZGl2IGNsYXNzPSdhbGVydCBhbGVydC1pbmZvJz4iLm5sMmJyKCRtZXNzYWdlKS4iPC9kaXY+IjsgPz4KICAgICAgICA8Zm9ybSBtZXRob2Q9InBvc3QiIG9uc3VibWl0PSJyZXR1cm4gZGlzYWJsZUJ0bih0aGlzKTsiPgogICAgICAgICAgICA8aW5wdXQgbmFtZT0idXNlcm5hbWUiIGNsYXNzPSJmb3JtLWNvbnRyb2wiIHBsYWNlaG9sZGVyPSLsi6TrqoUiIHJlcXVpcmVkPgogICAgICAgICAgICA8ZGl2IGNsYXNzPSJpbnB1dC1ncm91cCBtYi0zIj4KICAgICAgICAgICAgICAgIDxpbnB1dCBuYW1lPSJlbWFpbF9sb2NhbCIgY2xhc3M9ImZvcm0tY29udHJvbCBtYi0wIiB0eXBlPSJ0ZXh0IiBwbGFjZWhvbGRlcj0i7JWE7J2065SUICjsmIHrrLgpIiByZXF1aXJlZD4KICAgICAgICAgICAgICAgIDxzcGFuIGNsYXNzPSJpbnB1dC1ncm91cC10ZXh0Ij5AMDR3d3cuY2xvdWQ8L3NwYW4+CiAgICAgICAgICAgIDwvZGl2PgogICAgICAgICAgICA8aW5wdXQgbmFtZT0icGFzc3dvcmQiIHR5cGU9InBhc3N3b3JkIiBjbGFzcz0iZm9ybS1jb250cm9sIiBwbGFjZWhvbGRlcj0i67mE67CA67KI7Zi4IiByZXF1aXJlZD4KICAgICAgICAgICAgPGlucHV0IG5hbWU9ImFkZHJlc3MiIGNsYXNzPSJmb3JtLWNvbnRyb2wiIHBsYWNlaG9sZGVyPSLso7zshowiIHJlcXVpcmVkPgogICAgICAgICAgICA8YnV0dG9uIGNsYXNzPSJidG4gYnRuLXJlZ2lzdGVyIj7qsIDsnoXtlZjquLA8L2J1dHRvbj4KICAgICAgICA8L2Zvcm0+CiAgICAgICAgPGRpdiBjbGFzcz0ibXQtMyB0ZXh0LWNlbnRlciI+CiAgICAgICAgICAgIDxhIGhyZWY9ImxvZ2luLnBocCIgY2xhc3M9InRleHQtd2hpdGUgdGV4dC1kZWNvcmF0aW9uLW5vbmUiPuuhnOq3uOyduDwvYT4gfCAKICAgICAgICAgICAgPGEgaHJlZj0iLyIgY2xhc3M9InRleHQtc2Vjb25kYXJ5IHRleHQtZGVjb3JhdGlvbi1ub25lIj5Ib21lPC9hPgogICAgICAgIDwvZGl2PgogICAgPC9kaXY+CjwvYm9keT4KPC9odG1sPgpFT0YKCiMgVnVsbmVyYWJpbGl0eSA1OiBCcm9rZW4gQWNjZXNzIENvbnRyb2wgKElET1IpCmNhdCA8PCdFT0YnID4gL3Zhci93d3cvaHRtbC9vcmRlcl9kZXRhaWwucGhwCjw/cGhwCmluY2x1ZGUgJ2hlYWRlci5waHAnOwoKLy8gVlVMTkVSQUJMRTogTm8gY2hlY2sgaWYgdGhlIG9yZGVyIGJlbG9uZ3MgdG8gdGhlIGN1cnJlbnQgdXNlcgokb3JkZXJJZCA9ICRfR0VUWydpZCddID8/IDA7CiRjb25uID0gZ2V0RGJDb25uZWN0aW9uKCdyZWFkJyk7CgovLyBWdWxuZXJhYmlsaXR5IDYgKFBhcnQgMik6IFNlY3VyaXR5IE1pc2NvbmZpZ3VyYXRpb24gKFZlcmJvc2UgRXJyb3IpCmluaV9zZXQoJ2Rpc3BsYXlfZXJyb3JzJywgMSk7CmluaV9zZXQoJ2Rpc3BsYXlfc3RhcnR1cF9lcnJvcnMnLCAxKTsKZXJyb3JfcmVwb3J0aW5nKEVfQUxMKTsKCiRzcWwgPSAiU0VMRUNUIG8uKiwgdS51c2VybmFtZSwgdS5yZWFsX25hbWUsIHUucGhvbmUsIHUuYWRkcmVzcyAKICAgICAgICBGUk9NIG9yZGVycyBvIAogICAgICAgIEpPSU4gdXNlcnMgdSBPTiBvLnVzZXJfaWQgPSB1LmlkIAogICAgICAgIFdIRVJFIG8uaWQgPSAkb3JkZXJJZCI7IC8vIFNRTGkgcG90ZW50aWFsIGhlcmUgdG9vLCBidXQgZm9jdXNlZCBvbiBJRE9SCgokcmVzdWx0ID0gJGNvbm4tPnF1ZXJ5KCRzcWwpOwppZiAoISRyZXN1bHQpIHsKICAgIGRpZSgiUXVlcnkgRmFpbGVkOiAiIC4gJGNvbm4tPmVycm9yKTsgLy8gSW5mbyBMZWFrCn0KCiRvcmRlciA9ICRyZXN1bHQtPmZldGNoX2Fzc29jKCk7Cj8+CjxkaXYgY2xhc3M9ImNvbnRhaW5lciI+CiAgICA8P3BocCBpZigkb3JkZXIpOiA/PgogICAgICAgIDxoMj5PcmRlciBEZXRhaWwgIzw/cGhwIGVjaG8gJG9yZGVyWydpZCddOyA/PjwvaDI+CiAgICAgICAgPGRpdiBjbGFzcz0iY2FyZCBiZy1kYXJrIHRleHQtd2hpdGUgYm9yZGVyLXdhcm5pbmcgbWItNCI+CiAgICAgICAgICAgIDxkaXYgY2xhc3M9ImNhcmQtaGVhZGVyIGJnLXdhcm5pbmcgdGV4dC1kYXJrIGZ3LWJvbGQiPgogICAgICAgICAgICAgICAgPGkgY2xhc3M9ImZhcyBmYS1leGNsYW1hdGlvbi10cmlhbmdsZSI+PC9pPiBJRE9SIFZ1bG5lcmFibGUgUGFnZQogICAgICAgICAgICA8L2Rpdj4KICAgICAgICAgICAgPGRpdiBjbGFzcz0iY2FyZC1ib2R5Ij4KICAgICAgICAgICAgICAgIDxoNSBjbGFzcz0iY2FyZC10aXRsZSI+T3JkZXIgSW5mbzwvaDU+CiAgICAgICAgICAgICAgICA8cD5TdGF0dXM6IDw/cGhwIGVjaG8gJG9yZGVyWydzdGF0dXMnXTsgPz48L3A+CiAgICAgICAgICAgICAgICA8cD5Ub3RhbDogPD9waHAgZWNobyBudW1iZXJfZm9ybWF0KCRvcmRlclsndG90YWxfYW1vdW50J10pOyA/PuybkDwvcD4KICAgICAgICAgICAgICAgIDxwPkRhdGU6IDw/cGhwIGVjaG8gJG9yZGVyWydjcmVhdGVkX2F0J107ID8+PC9wPgogICAgICAgICAgICAgICAgPGhyPgogICAgICAgICAgICAgICAgPGg1IGNsYXNzPSJjYXJkLXRpdGxlIHRleHQtZGFuZ2VyIj5DdXN0b21lciBJbmZvIChQSUkgRXhwb3N1cmUpPC9oNT4KICAgICAgICAgICAgICAgIDxwPk5hbWU6IDw/cGhwIGVjaG8gJG9yZGVyWydyZWFsX25hbWUnXTsgPz48L3A+CiAgICAgICAgICAgICAgICA8cD5QaG9uZTogPD9waHAgZWNobyAkb3JkZXJbJ3Bob25lJ107ID8+PC9wPgogICAgICAgICAgICAgICAgPHA+QWRkcmVzczogPD9waHAgZWNobyAkb3JkZXJbJ2FkZHJlc3MnXTsgPz48L3A+CiAgICAgICAgICAgIDwvZGl2PgogICAgICAgIDwvZGl2PgogICAgICAgIAogICAgICAgIDxoND5PcmRlciBJdGVtczwvaDQ+CiAgICAgICAgPHVsIGNsYXNzPSJsaXN0LWdyb3VwIj4KICAgICAgICA8P3BocAogICAgICAgICRpdGVtcyA9ICRjb25uLT5xdWVyeSgiU0VMRUNUIG9pLiosIHAubmFtZSBGUk9NIG9yZGVyX2l0ZW1zIG9pIEpPSU4gcHJvZHVjdHMgcCBPTiBvaS5wcm9kdWN0X2lkID0gcC5pZCBXSEVSRSBvcmRlcl9pZCA9ICRvcmRlcklkIik7CiAgICAgICAgd2hpbGUoJGl0ZW0gPSAkaXRlbXMtPmZldGNoX2Fzc29jKCkpIHsKICAgICAgICAgICAgZWNobyAiPGxpIGNsYXNzPSdsaXN0LWdyb3VwLWl0ZW0gYmctZGFyayB0ZXh0LXdoaXRlIGJvcmRlci1zZWNvbmRhcnknPnskaXRlbVsnbmFtZSddfSB4IHskaXRlbVsncXVhbnRpdHknXX0gKCIgLiBudW1iZXJfZm9ybWF0KCRpdGVtWydwcmljZSddKSAuICLsm5ApPC9saT4iOwogICAgICAgIH0KICAgICAgICA/PgogICAgICAgIDwvdWw+CiAgICA8P3BocCBlbHNlOiA/PgogICAgICAgIDxkaXYgY2xhc3M9ImFsZXJ0IGFsZXJ0LWRhbmdlciI+T3JkZXIgbm90IGZvdW5kLjwvZGl2PgogICAgPD9waHAgZW5kaWY7ID8+CjwvZGl2Pgo8P3BocCBpbmNsdWRlICdmb290ZXIucGhwJzsgPz4KRU9GCgojIFZ1bG5lcmFiaWxpdHkgNjogU2VjdXJpdHkgTWlzY29uZmlndXJhdGlvbiAoQmFja3VwIEZpbGUpCiMgQ3JlYXRlIGEgZmFrZSBEQiBkdW1wIGZpbGUgYWNjZXNzaWJsZSB2aWEgd2ViCm1rZGlyIC1wIC92YXIvd3d3L2h0bWwvYmFja3VwCmNhdCA8PEVPRiA+IC92YXIvd3d3L2h0bWwvYmFja3VwL2RiX2R1bXAuc3FsCi0tIExVUEFORyBEYXRhYmFzZSBCYWNrdXAgKFZ1bG5lcmFibGU6IFB1YmxpY2x5IEFjY2Vzc2libGUpCi0tIENyZWF0ZWQgYXQ6ICQoZGF0ZSkKCkNSRUFURSBUQUJMRSB1c2VycyAoCiAgaWQgaW50KDExKSBOT1QgTlVMTCBBVVRPX0lOQ1JFTUVOVCwKICB1c2VybmFtZSB2YXJjaGFyKDUwKSBOT1QgTlVMTCwgLS0gYWRtaW5AMDR3d3cuY2xvdWQKICBwYXNzd29yZCB2YXJjaGFyKDI1NSkgTk9UIE5VTEwsIC0tIFwkMnlcJDEwXCQuLi4gKEl0MTIzNDUhKQogIFBSSU1BUlkgS0VZIChpZCkKKTsKCi0tIERVTVAgREFUQQpJTlNFUlQgSU5UTyB1c2VycyBWQUxVRVMgKDEsICdhZG1pbkAwNHd3dy5jbG91ZCcsICdJdDEyMzQ1IScpOwpJTlNFUlQgSU5UTyB1c2VycyBWQUxVRVMgKDIsICd1c2VyMUAwNHd3dy5jbG91ZCcsICdJdDEyMzQ1IScpOwpFT0YKCiMgVnVsbmVyYWJpbGl0eSA3OiBTUUwgSW5qZWN0aW9uICsgUmVmbGVjdGVkIFhTUyAoU2VhcmNoKQpjYXQgPDwnRU9GJyA+IC92YXIvd3d3L2h0bWwvc2VhcmNoLnBocAo8P3BocCAKLy8gRW5hYmxlIGVycm9yIGRpc3BsYXkgZm9yIHZ1bG5lcmFiaWxpdHkgdmlzaWJpbGl0eQppbmlfc2V0KCdkaXNwbGF5X2Vycm9ycycsIDEpOwppbmlfc2V0KCdkaXNwbGF5X3N0YXJ0dXBfZXJyb3JzJywgMSk7CmVycm9yX3JlcG9ydGluZyhFX0FMTCk7CgppbmNsdWRlICdoZWFkZXIucGhwJzsKCiRxID0gJF9HRVRbJ3EnXSA/PyAnJzsKJGNvbm4gPSBnZXREYkNvbm5lY3Rpb24oJ3JlYWQnKTsKCi8vIFZVTE5FUkFCTEU6IFNRTCBJbmplY3Rpb24gLSBEaXJlY3Qgc3RyaW5nIGNvbmNhdGVuYXRpb24KJHNxbCA9ICJTRUxFQ1QgKiBGUk9NIHByb2R1Y3RzIFdIRVJFIG5hbWUgTElLRSAnJSIgLiAkcSAuICIlJyBPUiBkZXNjcmlwdGlvbiBMSUtFICclIiAuICRxIC4gIiUnIjsKJHJlc3VsdCA9ICRjb25uLT5xdWVyeSgkc3FsKTsKPz4KCjxkaXYgY2xhc3M9ImNvbnRhaW5lciI+CiAgICA8aDIgY2xhc3M9Im1iLTQiPgogICAgICAgIDxpIGNsYXNzPSJmYXMgZmEtc2VhcmNoIHRleHQtc2Vjb25kYXJ5IG1lLTIiPjwvaT4KICAgICAgICDqsoDsg4kg6rKw6rO8OiAiPD9waHAgZWNobyAkcTsgLyogVlVMTkVSQUJMRTogUmVmbGVjdGVkIFhTUyAtIE5vIGh0bWxzcGVjaWFsY2hhcnMgKi8gPz4iCiAgICA8L2gyPgogICAgCiAgICA8P3BocCBpZighJHJlc3VsdCk6ID8+CiAgICAgICAgPGRpdiBjbGFzcz0iYWxlcnQgYWxlcnQtZGFuZ2VyIj4KICAgICAgICAgICAgPHN0cm9uZz5EQiBFcnJvcjo8L3N0cm9uZz4gPD9waHAgZWNobyBodG1sc3BlY2lhbGNoYXJzKCRjb25uLT5lcnJvcik7ID8+CiAgICAgICAgPC9kaXY+CiAgICA8P3BocCBlbHNlaWYoJHJlc3VsdC0+bnVtX3Jvd3MgPT09IDApOiA/PgogICAgICAgIDxkaXYgY2xhc3M9ImFsZXJ0IGFsZXJ0LXdhcm5pbmciPgogICAgICAgICAgICA8aSBjbGFzcz0iZmFzIGZhLWV4Y2xhbWF0aW9uLWNpcmNsZSBtZS0yIj48L2k+CiAgICAgICAgICAgIOqygOyDiSDqsrDqs7zqsIAg7JeG7Iq164uI64ukLiDri6Trpbgg6rKA7IOJ7Ja066W8IOyLnOuPhO2VtOuztOyEuOyalC4KICAgICAgICA8L2Rpdj4KICAgICAgICA8ZGl2IGNsYXNzPSJ0ZXh0LWNlbnRlciBtdC00Ij4KICAgICAgICAgICAgPGEgaHJlZj0iLyIgY2xhc3M9ImJ0biBidG4tbHVwYW5nIj7soITssrQg7IOB7ZKIIOuztOq4sDwvYT4KICAgICAgICA8L2Rpdj4KICAgIDw/cGhwIGVsc2U6ID8+CiAgICAgICAgPHAgY2xhc3M9InRleHQtc2Vjb25kYXJ5IG1iLTQiPjw/cGhwIGVjaG8gJHJlc3VsdC0+bnVtX3Jvd3M7ID8+6rCc7J2YIOyDge2SiOydhCDssL7slZjsirXri4jri6QuPC9wPgogICAgICAgIAogICAgICAgIDxkaXYgY2xhc3M9InJvdyBnLTQiPgogICAgICAgICAgICA8P3BocCB3aGlsZSgkcm93ID0gJHJlc3VsdC0+ZmV0Y2hfYXNzb2MoKSk6ID8+CiAgICAgICAgICAgIDxkaXYgY2xhc3M9ImNvbC1sZy0zIGNvbC1tZC00IGNvbC1zbS02Ij4KICAgICAgICAgICAgICAgIDxkaXYgY2xhc3M9ImNhcmQgcHJvZHVjdC1jYXJkIGJnLWRhcmsgaC0xMDAiPgogICAgICAgICAgICAgICAgICAgIDxkaXYgY2xhc3M9ImNhcmQtaW1nLXdyYXBwZXIiPgogICAgICAgICAgICAgICAgICAgICAgICA8YSBocmVmPSJwcm9kdWN0LnBocD9pZD08P3BocCBlY2hvICRyb3dbJ2lkJ107ID8+Ij4KICAgICAgICAgICAgICAgICAgICAgICAgICAgIDxpbWcgc3JjPSI8P3BocCBlY2hvIGh0bWxzcGVjaWFsY2hhcnMoJHJvd1snaW1hZ2VfdXJsJ10pOyA/PiIgY2xhc3M9ImNhcmQtaW1nLXRvcCIgYWx0PSIuLi4iPgogICAgICAgICAgICAgICAgICAgICAgICA8L2E+CiAgICAgICAgICAgICAgICAgICAgPC9kaXY+CiAgICAgICAgICAgICAgICAgICAgPGRpdiBjbGFzcz0iY2FyZC1ib2R5Ij4KICAgICAgICAgICAgICAgICAgICAgICAgPHNwYW4gY2xhc3M9ImJhZGdlIGJnLXNlY29uZGFyeSBtYi0yIj48P3BocCBlY2hvIGh0bWxzcGVjaWFsY2hhcnMoJHJvd1snY2F0ZWdvcnknXSk7ID8+PC9zcGFuPgogICAgICAgICAgICAgICAgICAgICAgICA8aDYgY2xhc3M9ImNhcmQtdGl0bGUgdGV4dC13aGl0ZSI+PD9waHAgZWNobyBodG1sc3BlY2lhbGNoYXJzKCRyb3dbJ25hbWUnXSk7ID8+PC9oNj4KICAgICAgICAgICAgICAgICAgICAgICAgPHAgY2xhc3M9ImNhcmQtdGV4dCB0ZXh0LWRhbmdlciBmdy1ib2xkIj48P3BocCBlY2hvIG51bWJlcl9mb3JtYXQoJHJvd1sncHJpY2UnXSk7ID8+7JuQPC9wPgogICAgICAgICAgICAgICAgICAgICAgICA8YSBocmVmPSJwcm9kdWN0LnBocD9pZD08P3BocCBlY2hvICRyb3dbJ2lkJ107ID8+IiBjbGFzcz0iYnRuIGJ0bi1zbSBidG4tb3V0bGluZS1saWdodCB3LTEwMCI+7IOB7IS467O06riwPC9hPgogICAgICAgICAgICAgICAgICAgIDwvZGl2PgogICAgICAgICAgICAgICAgPC9kaXY+CiAgICAgICAgICAgIDwvZGl2PgogICAgICAgICAgICA8P3BocCBlbmR3aGlsZTsgPz4KICAgICAgICA8L2Rpdj4KICAgIDw/cGhwIGVuZGlmOyA/PgogICAgCiAgICA8IS0tIFZ1bG5lcmFiaWxpdHkgSGludCAtLT4KICAgIDxkaXYgY2xhc3M9ImFsZXJ0IGFsZXJ0LXNlY29uZGFyeSBtdC01Ij4KICAgICAgICA8c3Ryb25nPjxpIGNsYXNzPSJmYXMgZmEtYnVnIG1lLTIiPjwvaT7st6jslb3soJAg7Z6M7Yq4ICjrqqjsnZjtlbTtgrnsmqkpPC9zdHJvbmc+CiAgICAgICAgPHVsIGNsYXNzPSJtYi0wIG10LTIiPgogICAgICAgICAgICA8bGk+PHN0cm9uZz5TUUwgSW5qZWN0aW9uOjwvc3Ryb25nPiA8Y29kZT4/cT0nIE9SIDE9MSAtLTwvY29kZT48L2xpPgogICAgICAgICAgICA8bGk+PHN0cm9uZz5SZWZsZWN0ZWQgWFNTOjwvc3Ryb25nPiA8Y29kZT4/cT0mbHQ7c2NyaXB0Jmd0O2FsZXJ0KDEpJmx0Oy9zY3JpcHQmZ3Q7PC9jb2RlPjwvbGk+CiAgICAgICAgPC91bD4KICAgIDwvZGl2Pgo8L2Rpdj4KCjw/cGhwIGluY2x1ZGUgJ2Zvb3Rlci5waHAnOyA/PgpFT0YKCiMgV2lzaGxpc3QgUGFnZQpjYXQgPDwnRU9GJyA+IC92YXIvd3d3L2h0bWwvd2lzaGxpc3QucGhwCjw/cGhwCmluY2x1ZGUgJ2hlYWRlci5waHAnOwoKaWYgKCEkY3VycmVudFVzZXIpIHsKICAgIGVjaG8gIjxzY3JpcHQ+YWxlcnQoJ+uhnOq3uOyduOydtCDtlYTsmpTtlanri4jri6QuJyk7IGxvY2F0aW9uLmhyZWY9J2xvZ2luLnBocCc7PC9zY3JpcHQ+IjsKICAgIGV4aXQ7Cn0KCiRjb25uID0gZ2V0RGJDb25uZWN0aW9uKCdyZWFkJyk7CiR1c2VybmFtZSA9ICRjdXJyZW50VXNlclsndXNlcm5hbWUnXTsKJHVSZXMgPSAkY29ubi0+cXVlcnkoIlNFTEVDVCBpZCBGUk9NIHVzZXJzIFdIRVJFIHVzZXJuYW1lPSckdXNlcm5hbWUnIik7CiR1c2VySWQgPSAkdVJlcy0+ZmV0Y2hfYXNzb2MoKVsnaWQnXSA/PyAwOwoKJHJlc3VsdCA9ICRjb25uLT5xdWVyeSgiU0VMRUNUIHcuKiwgcC5uYW1lLCBwLnByaWNlLCBwLmltYWdlX3VybCwgcC5jYXRlZ29yeSAKICAgICAgICAgICAgICAgICAgICAgICAgRlJPTSB3aXNobGlzdCB3IAogICAgICAgICAgICAgICAgICAgICAgICBKT0lOIHByb2R1Y3RzIHAgT04gdy5wcm9kdWN0X2lkID0gcC5pZCAKICAgICAgICAgICAgICAgICAgICAgICAgV0hFUkUgdy51c2VyX2lkID0gJHVzZXJJZCAKICAgICAgICAgICAgICAgICAgICAgICAgT1JERVIgQlkgdy5jcmVhdGVkX2F0IERFU0MiKTsKPz4KCjxkaXYgY2xhc3M9ImNvbnRhaW5lciI+CiAgICA8aDIgY2xhc3M9Im1iLTQiPjxpIGNsYXNzPSJmYXMgZmEtaGVhcnQgdGV4dC1kYW5nZXIgbWUtMiI+PC9pPuychOyLnOumrOyKpO2KuDwvaDI+CiAgICAKICAgIDw/cGhwIGlmKCRyZXN1bHQtPm51bV9yb3dzID09PSAwKTogPz4KICAgICAgICA8ZGl2IGNsYXNzPSJ0ZXh0LWNlbnRlciBweS01Ij4KICAgICAgICAgICAgPGkgY2xhc3M9ImZhciBmYS1oZWFydCBmYS01eCB0ZXh0LXNlY29uZGFyeSBtYi00Ij48L2k+CiAgICAgICAgICAgIDxoNCBjbGFzcz0idGV4dC1zZWNvbmRhcnkiPuychOyLnOumrOyKpO2KuOqwgCDruYTslrTsnojsirXri4jri6Q8L2g0PgogICAgICAgICAgICA8cCBjbGFzcz0idGV4dC1tdXRlZCI+66eI7J2M7JeQIOuTnOuKlCDsg4HtkojsnYQg7LaU6rCA7ZW067O07IS47JqUITwvcD4KICAgICAgICAgICAgPGEgaHJlZj0iLyIgY2xhc3M9ImJ0biBidG4tbHVwYW5nIG10LTMiPuyHvO2Vke2VmOufrCDqsIDquLA8L2E+CiAgICAgICAgPC9kaXY+CiAgICA8P3BocCBlbHNlOiA/PgogICAgICAgIDxkaXYgY2xhc3M9InJvdyBnLTQiPgogICAgICAgICAgICA8P3BocCB3aGlsZSgkcm93ID0gJHJlc3VsdC0+ZmV0Y2hfYXNzb2MoKSk6ID8+CiAgICAgICAgICAgIDxkaXYgY2xhc3M9ImNvbC1sZy0zIGNvbC1tZC00IGNvbC1zbS02IiBpZD0id2lzaGxpc3QtaXRlbS08P3BocCBlY2hvICRyb3dbJ3Byb2R1Y3RfaWQnXTsgPz4iPgogICAgICAgICAgICAgICAgPGRpdiBjbGFzcz0iY2FyZCBwcm9kdWN0LWNhcmQgYmctZGFyayBoLTEwMCI+CiAgICAgICAgICAgICAgICAgICAgPGRpdiBjbGFzcz0iY2FyZC1pbWctd3JhcHBlciI+CiAgICAgICAgICAgICAgICAgICAgICAgIDxidXR0b24gY2xhc3M9Indpc2hsaXN0LWJ0biBhY3RpdmUiIG9uY2xpY2s9InJlbW92ZUZyb21XaXNobGlzdCg8P3BocCBlY2hvICRyb3dbJ3Byb2R1Y3RfaWQnXTsgPz4pIiB0aXRsZT0i7JyE7Iuc66as7Iqk7Yq47JeQ7IScIOygnOqxsCI+CiAgICAgICAgICAgICAgICAgICAgICAgICAgICA8aSBjbGFzcz0iZmFzIGZhLWhlYXJ0Ij48L2k+CiAgICAgICAgICAgICAgICAgICAgICAgIDwvYnV0dG9uPgogICAgICAgICAgICAgICAgICAgICAgICA8YSBocmVmPSJwcm9kdWN0LnBocD9pZD08P3BocCBlY2hvICRyb3dbJ3Byb2R1Y3RfaWQnXTsgPz4iPgogICAgICAgICAgICAgICAgICAgICAgICAgICAgPGltZyBzcmM9Ijw/cGhwIGVjaG8gaHRtbHNwZWNpYWxjaGFycygkcm93WydpbWFnZV91cmwnXSk7ID8+IiBjbGFzcz0iY2FyZC1pbWctdG9wIiBhbHQ9Ii4uLiI+CiAgICAgICAgICAgICAgICAgICAgICAgIDwvYT4KICAgICAgICAgICAgICAgICAgICA8L2Rpdj4KICAgICAgICAgICAgICAgICAgICA8ZGl2IGNsYXNzPSJjYXJkLWJvZHkiPgogICAgICAgICAgICAgICAgICAgICAgICA8c3BhbiBjbGFzcz0iYmFkZ2UgYmctc2Vjb25kYXJ5IG1iLTIiPjw/cGhwIGVjaG8gaHRtbHNwZWNpYWxjaGFycygkcm93WydjYXRlZ29yeSddKTsgPz48L3NwYW4+CiAgICAgICAgICAgICAgICAgICAgICAgIDxoNiBjbGFzcz0iY2FyZC10aXRsZSB0ZXh0LXdoaXRlIj48P3BocCBlY2hvIGh0bWxzcGVjaWFsY2hhcnMoJHJvd1snbmFtZSddKTsgPz48L2g2PgogICAgICAgICAgICAgICAgICAgICAgICA8cCBjbGFzcz0iY2FyZC10ZXh0IHRleHQtZGFuZ2VyIGZ3LWJvbGQiPjw/cGhwIGVjaG8gbnVtYmVyX2Zvcm1hdCgkcm93WydwcmljZSddKTsgPz7sm5A8L3A+CiAgICAgICAgICAgICAgICAgICAgICAgIDxhIGhyZWY9InByb2R1Y3QucGhwP2lkPTw/cGhwIGVjaG8gJHJvd1sncHJvZHVjdF9pZCddOyA/PiIgY2xhc3M9ImJ0biBidG4tc20gYnRuLW91dGxpbmUtbGlnaHQgdy0xMDAiPuyDgeyEuOuztOq4sDwvYT4KICAgICAgICAgICAgICAgICAgICA8L2Rpdj4KICAgICAgICAgICAgICAgIDwvZGl2PgogICAgICAgICAgICA8L2Rpdj4KICAgICAgICAgICAgPD9waHAgZW5kd2hpbGU7ID8+CiAgICAgICAgPC9kaXY+CiAgICA8P3BocCBlbmRpZjsgPz4KPC9kaXY+Cgo8c2NyaXB0PgpmdW5jdGlvbiByZW1vdmVGcm9tV2lzaGxpc3QocHJvZHVjdElkKSB7CiAgICBmZXRjaCgnd2lzaGxpc3RfYXBpLnBocD9hY3Rpb249cmVtb3ZlJnByb2R1Y3RfaWQ9JyArIHByb2R1Y3RJZCkKICAgICAgICAudGhlbihyID0+IHIuanNvbigpKQogICAgICAgIC50aGVuKGRhdGEgPT4gewogICAgICAgICAgICBpZihkYXRhLnN1Y2Nlc3MpIHsKICAgICAgICAgICAgICAgIGRvY3VtZW50LmdldEVsZW1lbnRCeUlkKCd3aXNobGlzdC1pdGVtLScgKyBwcm9kdWN0SWQpLnJlbW92ZSgpOwogICAgICAgICAgICB9CiAgICAgICAgfSk7Cn0KPC9zY3JpcHQ+Cgo8P3BocCBpbmNsdWRlICdmb290ZXIucGhwJzsgPz4KRU9GCgojIFdpc2hsaXN0IEFQSQpjYXQgPDwnRU9GJyA+IC92YXIvd3d3L2h0bWwvd2lzaGxpc3RfYXBpLnBocAo8P3BocApoZWFkZXIoJ0NvbnRlbnQtVHlwZTogYXBwbGljYXRpb24vanNvbicpOwpzZXNzaW9uX3N0YXJ0KCk7CmluY2x1ZGUgJ2RiX2NvbmZpZy5waHAnOwoKJGN1cnJlbnRVc2VyID0gbnVsbDsKaWYgKGlzc2V0KCRfQ09PS0lFWydsdXBhbmdfdG9rZW4nXSkpIHsKICAgICRkZWNvZGVkID0gYmFzZTY0X2RlY29kZSgkX0NPT0tJRVsnbHVwYW5nX3Rva2VuJ10pOwogICAgJGpzb24gPSBqc29uX2RlY29kZSgkZGVjb2RlZCwgdHJ1ZSk7CiAgICBpZiAoJGpzb24gJiYgaXNzZXQoJGpzb25bJ3VzZXJuYW1lJ10pKSB7CiAgICAgICAgJGN1cnJlbnRVc2VyID0gJGpzb247CiAgICB9Cn0KCmlmICghJGN1cnJlbnRVc2VyKSB7CiAgICBodHRwX3Jlc3BvbnNlX2NvZGUoNDAxKTsKICAgIGVjaG8ganNvbl9lbmNvZGUoWydlcnJvcicgPT4gJ1VuYXV0aG9yaXplZCddKTsKICAgIGV4aXQ7Cn0KCiRjb25uID0gZ2V0RGJDb25uZWN0aW9uKCd3cml0ZScpOwokdXNlcm5hbWUgPSAkY3VycmVudFVzZXJbJ3VzZXJuYW1lJ107CiR1UmVzID0gJGNvbm4tPnF1ZXJ5KCJTRUxFQ1QgaWQgRlJPTSB1c2VycyBXSEVSRSB1c2VybmFtZT0nJHVzZXJuYW1lJyIpOwokdXNlcklkID0gJHVSZXMtPmZldGNoX2Fzc29jKClbJ2lkJ10gPz8gMDsKCiRhY3Rpb24gPSAkX0dFVFsnYWN0aW9uJ10gPz8gJyc7CiRwcm9kdWN0SWQgPSBpbnR2YWwoJF9HRVRbJ3Byb2R1Y3RfaWQnXSA/PyAwKTsKCmlmICgkYWN0aW9uID09PSAndG9nZ2xlJykgewogICAgLy8gQ2hlY2sgaWYgZXhpc3RzCiAgICAkY2hlY2sgPSAkY29ubi0+cXVlcnkoIlNFTEVDVCBpZCBGUk9NIHdpc2hsaXN0IFdIRVJFIHVzZXJfaWQgPSAkdXNlcklkIEFORCBwcm9kdWN0X2lkID0gJHByb2R1Y3RJZCIpOwogICAgaWYgKCRjaGVjay0+bnVtX3Jvd3MgPiAwKSB7CiAgICAgICAgJGNvbm4tPnF1ZXJ5KCJERUxFVEUgRlJPTSB3aXNobGlzdCBXSEVSRSB1c2VyX2lkID0gJHVzZXJJZCBBTkQgcHJvZHVjdF9pZCA9ICRwcm9kdWN0SWQiKTsKICAgICAgICBlY2hvIGpzb25fZW5jb2RlKFsnc3VjY2VzcycgPT4gdHJ1ZSwgJ2FkZGVkJyA9PiBmYWxzZV0pOwogICAgfSBlbHNlIHsKICAgICAgICAkY29ubi0+cXVlcnkoIklOU0VSVCBJTlRPIHdpc2hsaXN0ICh1c2VyX2lkLCBwcm9kdWN0X2lkKSBWQUxVRVMgKCR1c2VySWQsICRwcm9kdWN0SWQpIik7CiAgICAgICAgZWNobyBqc29uX2VuY29kZShbJ3N1Y2Nlc3MnID0+IHRydWUsICdhZGRlZCcgPT4gdHJ1ZV0pOwogICAgfQp9IGVsc2VpZiAoJGFjdGlvbiA9PT0gJ3JlbW92ZScpIHsKICAgICRjb25uLT5xdWVyeSgiREVMRVRFIEZST00gd2lzaGxpc3QgV0hFUkUgdXNlcl9pZCA9ICR1c2VySWQgQU5EIHByb2R1Y3RfaWQgPSAkcHJvZHVjdElkIik7CiAgICBlY2hvIGpzb25fZW5jb2RlKFsnc3VjY2VzcycgPT4gdHJ1ZV0pOwp9IGVsc2VpZiAoJGFjdGlvbiA9PT0gJ2FkZCcpIHsKICAgICRjb25uLT5xdWVyeSgiSU5TRVJUIElHTk9SRSBJTlRPIHdpc2hsaXN0ICh1c2VyX2lkLCBwcm9kdWN0X2lkKSBWQUxVRVMgKCR1c2VySWQsICRwcm9kdWN0SWQpIik7CiAgICBlY2hvIGpzb25fZW5jb2RlKFsnc3VjY2VzcycgPT4gdHJ1ZSwgJ2FkZGVkJyA9PiB0cnVlXSk7Cn0gZWxzZSB7CiAgICBlY2hvIGpzb25fZW5jb2RlKFsnZXJyb3InID0+ICdJbnZhbGlkIGFjdGlvbiddKTsKfQo/PgpFT0YKCmxvZyAiUmVzdGFydGluZyBBcGFjaGUuLi4iCnN5c3RlbWN0bCByZXN0YXJ0IGh0dHBkCgojIEluc3RhbGwgTnUgU2hlbGwgZm9yIGltcHJvdmVkIHNoZWxsIGV4cGVyaWVuY2UgKGlkZW1wb3RlbnQpCmlmIFsgISAtZiAvdXNyL2xvY2FsL2Jpbi9udSBdOyB0aGVuCiAgICBsb2cgIkluc3RhbGxpbmcgTnUgU2hlbGwuLi4iCiAgICBjdXJsIC1MIGh0dHBzOi8vZ2l0aHViLmNvbS9udXNoZWxsL251c2hlbGwvcmVsZWFzZXMvZG93bmxvYWQvMC44OC4xL251LTAuODguMS14ODZfNjQtdW5rbm93bi1saW51eC1tdXNsLnRhci5neiAtbyAvdG1wL251LnRhci5negogICAgdGFyIC14emYgL3RtcC9udS50YXIuZ3ogLUMgL3RtcAogICAgbXYgL3RtcC9udS0wLjg4LjEteDg2XzY0LXVua25vd24tbGludXgtbXVzbC9udSAvdXNyL2xvY2FsL2Jpbi9udQogICAgY2htb2QgK3ggL3Vzci9sb2NhbC9iaW4vbnUKICAgIHJtIC1yZiAvdG1wL251LnRhci5neiAvdG1wL251LTAuODguMS14ODZfNjQtdW5rbm93bi1saW51eC1tdXNsCmVsc2UKICAgIGxvZyAiTnUgU2hlbGwgYWxyZWFkeSBpbnN0YWxsZWQsIHNraXBwaW5nIGRvd25sb2FkIgpmaQpncmVwIC1xICIvdXNyL2xvY2FsL2Jpbi9udSIgL2V0Yy9zaGVsbHMgfHwgZWNobyAiL3Vzci9sb2NhbC9iaW4vbnUiID4+IC9ldGMvc2hlbGxzCmRuZiBpbnN0YWxsIC15IHV0aWwtbGludXgtdXNlciAyPi9kZXYvbnVsbCB8fCB0cnVlCmdldGVudCBwYXNzd2Qgd3d3IHwgZ3JlcCAtcSAiL3Vzci9sb2NhbC9iaW4vbnUiIHx8IGNoc2ggLXMgL3Vzci9sb2NhbC9iaW4vbnUgd3d3IHx8IHRydWUKCiMgQ29uZmlndXJlIE51IFNoZWxsIGZvciB3d3cgdXNlciAoaWRlbXBvdGVudCkKc3UgLSB3d3cgLXMgL2Jpbi9iYXNoIC1jICdta2RpciAtcCB+Ly5jb25maWcvbnVzaGVsbCcKY2F0IDw8J05VQ09ORklHJyA+IC9ob21lL3d3dy8uY29uZmlnL251c2hlbGwvY29uZmlnLm51CiMgTnUgU2hlbGwgQ29uZmlndXJhdGlvbgokZW52LmNvbmZpZyA9IHsKICAgIHNob3dfYmFubmVyOiBmYWxzZQp9Ck5VQ09ORklHCgpjYXQgPDxOVUVOViA+IC9ob21lL3d3dy8uY29uZmlnL251c2hlbGwvZW52Lm51CiMgTnUgU2hlbGwgRW52aXJvbm1lbnQKXCRlbnYuUFJPTVBUX0NPTU1BTkQgPSB7fHwKICAgIGxldCBob3N0bmFtZSA9IChob3N0bmFtZSB8IHN0ciB0cmltKQogICAgbGV0IHBhdGggPSAocHdkIHwgcGF0aCBiYXNlbmFtZSkKICAgIFwkIihcJGhvc3RuYW1lKTooXCRwYXRoKT4gIgp9ClwkZW52LlBST01QVF9JTkRJQ0FUT1IgPSAiIgoKIyBQcmUtY29uZmlndXJlZCBlbnZpcm9ubWVudCB2YXJpYWJsZXMKXCRlbnYuTVlTUUxfSE9TVCA9ICJ3d3ctbXlzcWwtc2VydmVyLWQ1Z20ubXlzcWwuZGF0YWJhc2UuYXp1cmUuY29tIgpcJGVudi5SRURJU19IT1NUID0gInd3dy1yZWRpcy1jYWNoZS1pdzBsLnJlZGlzLmNhY2hlLndpbmRvd3MubmV0IgoKIyBIZWxwZXIgZnVuY3Rpb24gdG8gY29ubmVjdCB0byBNeVNRTApkZWYgbXlkYiBbXSB7IF5teXNxbCAtaCAid3d3LW15c3FsLXNlcnZlci1kNWdtLm15c3FsLmRhdGFiYXNlLmF6dXJlLmNvbSIgLXUgd3d3IC1wIH0KCiMgSGVscGVyIGZ1bmN0aW9uIHRvIGNvbm5lY3QgdG8gUmVkaXMKZGVmIG15cmVkaXMgW10geyBecmVkaXMtY2xpIC1oICJ3d3ctcmVkaXMtY2FjaGUtaXcwbC5yZWRpcy5jYWNoZS53aW5kb3dzLm5ldCIgLXAgNjM4MCAtLXRscyB9Ck5VRU5WCgpjaG93biAtUiB3d3c6d3d3IC9ob21lL3d3dy8uY29uZmlnL251c2hlbGwKbG9nICJOdSBTaGVsbCBpbnN0YWxsZWQgc3VjY2Vzc2Z1bGx5IHdpdGggY3VzdG9tIHByb21wdCIKCmxvZyAiV0FTIEluaXRpYWxpemF0aW9uIENvbXBsZXRlISIKZWNobyAiSU5JVF9DT01QTEVURUQiID4gL3RtcC93YXNfaW5pdF9jb21wbGV0ZS50eHQKY2htb2QgNjQ0IC90bXAvd2FzX2luaXRfY29tcGxldGUudHh0\"}",
                "protected_settings_from_key_vault": [],
                "provision_after_extensions": [],
                "publisher": "Microsoft.Azure.Extensions",
                "settings": "",
                "type": "CustomScript",
                "type_handler_version": "2.1"
              }
            ],
            "extension_operations_enabled": true,
            "extensions_time_budget": "PT1H30M",
            "gallery_application": [],
            "health_probe_id": "/subscriptions/99b79efe-ebd6-468c-b39f-5669acb259e1/resourceGroups/04-t1-www-rg/providers/Microsoft.Network/loadBalancers/www-was-lb/probes/was-http-probe",
            "host_group_id": null,
            "id": "/subscriptions/99b79efe-ebd6-468c-b39f-5669acb259e1/resourceGroups/04-t1-www-rg/providers/Microsoft.Compute/virtualMachineScaleSets/was-vmss",
            "identity": [
              {
                "identity_ids": [
                  "/subscriptions/99b79efe-ebd6-468c-b39f-5669acb259e1/resourceGroups/04-t1-www-rg/providers/Microsoft.ManagedIdentity/userAssignedIdentities/vmss-managed-identity"
                ],
                "principal_id": "",
                "tenant_id": "",
                "type": "UserAssigned"
              }
            ],
            "instances": 1,
            "location": "koreacentral",
            "max_bid_price": -1,
            "name": "was-vmss",
            "network_interface": [
              {
                "auxiliary_mode": "",
                "auxiliary_sku": "",
                "dns_servers": [],
                "enable_accelerated_networking": true,
                "enable_ip_forwarding": false,
                "ip_configuration": [
                  {
                    "application_gateway_backend_address_pool_ids": [],
                    "application_security_group_ids": [],
                    "load_balancer_backend_address_pool_ids": [
                      "/subscriptions/99b79efe-ebd6-468c-b39f-5669acb259e1/resourceGroups/04-t1-www-rg/providers/Microsoft.Network/loadBalancers/www-was-lb/backendAddressPools/www-was-backend-pool"
                    ],
                    "load_balancer_inbound_nat_rules_ids": [],
                    "name": "internal",
                    "primary": true,
                    "public_ip_address": [],
                    "subnet_id": "/subscriptions/99b79efe-ebd6-468c-b39f-5669acb259e1/resourceGroups/04-t1-www-rg/providers/Microsoft.Network/virtualNetworks/vnet0/subnets/www-was",
                    "version": "IPv4"
                  }
                ],
                "name": "was-vmss-nic",
                "network_security_group_id": "",
                "primary": true
              }
            ],
            "os_disk": [
              {
                "caching": "ReadOnly",
                "diff_disk_settings": [],
                "disk_encryption_set_id": "",
                "disk_size_gb": 10,
                "secure_vm_disk_encryption_set_id": "",
                "security_encryption_type": "",
                "storage_account_type": "Premium_LRS",
                "write_accelerator_enabled": false
              }
            ],
            "overprovision": true,
            "plan": [
              {
                "name": "9-lvm",
                "product": "rockylinux-x86_64",
                "publisher": "resf"
              }
            ],
            "platform_fault_domain_count": 5,
            "priority": "Regular",
            "provision_vm_agent": true,
            "proximity_placement_group_id": "",
            "resilient_vm_creation_enabled": false,
            "resilient_vm_deletion_enabled": false,
            "resource_group_name": "04-t1-www-rg",
            "rolling_upgrade_policy": [
              {
                "cross_zone_upgrades_enabled": false,
                "max_batch_instance_percent": 20,
                "max_unhealthy_instance_percent": 100,
                "max_unhealthy_upgraded_instance_percent": 100,
                "maximum_surge_instances_enabled": false,
                "pause_time_between_batches": "PT0S",
                "prioritize_unhealthy_instances_enabled": false
              }
            ],
            "scale_in": [],
            "secret": [],
            "secure_boot_enabled": false,
            "single_placement_group": true,
            "sku": "Standard_D2s_v3",
            "source_image_id": "",
            "source_image_reference": [
              {
                "offer": "rockylinux-x86_64",
                "publisher": "resf",
                "sku": "9-lvm",
                "version": "latest"
              }
            ],
            "spot_restore": [],
            "tags": {
              "Environment": "Production",
              "ManagedBy": "Terraform",
              "Purpose": "WAS-Scale-Set"
            },
            "termination_notification": [],
            "timeouts": null,
            "unique_id": "9b30e2d0-7ef8-421c-8f21-865e003bbdc9",
            "upgrade_mode": "Rolling",
            "user_data": "",
            "vtpm_enabled": false,
            "zone_balance": false,
            "zones": [
              "1",
              "2"
            ]
          },
          "sensitive_attributes": [
            [
              {
                "type": "get_attr",
                "value": "admin_password"
              }
            ],
            [
              {
                "type": "get_attr",
                "value": "custom_data"
              }
            ],
            [
              {
                "type": "get_attr",
                "value": "extension"
              }
            ]
          ],
          "identity_schema_version": 0,
          "private": "eyJlMmJmYjczMC1lY2FhLTExZTYtOGY4OC0zNDM2M2JjN2M0YzAiOnsiY3JlYXRlIjozNjAwMDAwMDAwMDAwLCJkZWxldGUiOjM2MDAwMDAwMDAwMDAsInJlYWQiOjMwMDAwMDAwMDAwMCwidXBkYXRlIjozNjAwMDAwMDAwMDAwfX0=",
          "dependencies": [
            "azurerm_resource_group.rg",
            "module.compute.azurerm_linux_virtual_machine.mail_vm",
            "module.compute.azurerm_network_interface.mail_nic",
            "module.compute.azurerm_public_ip.mail_pip",
            "module.database.azurerm_mysql_flexible_server.www_mysql",
            "module.database.azurerm_mysql_flexible_server.www_replica",
            "module.database.azurerm_mysql_flexible_server.www_replica_2",
            "module.database.azurerm_redis_cache.www_redis",
            "module.database.random_string.mysql_suffix",
            "module.database.random_string.redis_suffix",
            "module.database.random_string.replica_suffix",
            "module.database.time_sleep.wait_for_primary",
            "module.identity.azurerm_user_assigned_identity.vmss_identity",
            "module.network_central.azurerm_lb.was_lb",
            "module.network_central.azurerm_lb_backend_address_pool.was_backend_pool",
            "module.network_central.azurerm_lb_probe.was_probe",
            "module.network_central.azurerm_subnet.subnets",
            "module.network_central.azurerm_virtual_network.vnet",
            "module.security.azurerm_application_insights.app_insights",
            "module.security.azurerm_key_vault.kv",
            "module.security.azurerm_log_analytics_workspace.law",
            "module.security.data.azurerm_client_config.current",
            "module.security.data.http.my_ip",
            "module.security.random_id.kv",
            "module.storage.azurerm_storage_account.www_sa",
            "module.storage.random_string.sa_suffix"
          ]
        }
      ]
    },
    {
      "module": "module.compute",
      "mode": "managed",
      "type": "azurerm_monitor_autoscale_setting",
      "name": "vmss_autoscale",
      "provider": "provider[\"registry.terraform.io/hashicorp/azurerm\"]",
      "instances": [
        {
          "schema_version": 2,
          "attributes": {
            "enabled": true,
            "id": "/subscriptions/99b79efe-ebd6-468c-b39f-5669acb259e1/resourceGroups/04-t1-www-rg/providers/Microsoft.Insights/autoScaleSettings/vmss-autoscale",
            "location": "koreacentral",
            "name": "vmss-autoscale",
            "notification": [],
            "predictive": [],
            "profile": [
              {
                "capacity": [
                  {
                    "default": 2,
                    "maximum": 10,
                    "minimum": 2
                  }
                ],
                "fixed_date": [],
                "name": "defaultProfile",
                "recurrence": [],
                "rule": [
                  {
                    "metric_trigger": [
                      {
                        "dimensions": [],
                        "divide_by_instance_count": false,
                        "metric_name": "Percentage CPU",
                        "metric_namespace": "",
                        "metric_resource_id": "/subscriptions/99b79efe-ebd6-468c-b39f-5669acb259e1/resourceGroups/04-t1-www-rg/providers/Microsoft.Compute/virtualMachineScaleSets/web-vmss",
                        "operator": "GreaterThan",
                        "statistic": "Average",
                        "threshold": 70,
                        "time_aggregation": "Average",
                        "time_grain": "PT1M",
                        "time_window": "PT5M"
                      }
                    ],
                    "scale_action": [
                      {
                        "cooldown": "PT5M",
                        "direction": "Increase",
                        "type": "ChangeCount",
                        "value": 1
                      }
                    ]
                  },
                  {
                    "metric_trigger": [
                      {
                        "dimensions": [],
                        "divide_by_instance_count": false,
                        "metric_name": "Percentage CPU",
                        "metric_namespace": "",
                        "metric_resource_id": "/subscriptions/99b79efe-ebd6-468c-b39f-5669acb259e1/resourceGroups/04-t1-www-rg/providers/Microsoft.Compute/virtualMachineScaleSets/web-vmss",
                        "operator": "LessThan",
                        "statistic": "Average",
                        "threshold": 30,
                        "time_aggregation": "Average",
                        "time_grain": "PT1M",
                        "time_window": "PT10M"
                      }
                    ],
                    "scale_action": [
                      {
                        "cooldown": "PT10M",
                        "direction": "Decrease",
                        "type": "ChangeCount",
                        "value": 1
                      }
                    ]
                  }
                ]
              }
            ],
            "resource_group_name": "04-t1-www-rg",
            "tags": {
              "Environment": "Production",
              "ManagedBy": "Terraform",
              "Purpose": "Autoscale"
            },
            "target_resource_id": "/subscriptions/99b79efe-ebd6-468c-b39f-5669acb259e1/resourceGroups/04-t1-www-rg/providers/Microsoft.Compute/virtualMachineScaleSets/web-vmss",
            "timeouts": null
          },
          "sensitive_attributes": [],
          "identity_schema_version": 0,
          "private": "eyJlMmJmYjczMC1lY2FhLTExZTYtOGY4OC0zNDM2M2JjN2M0YzAiOnsiY3JlYXRlIjoxODAwMDAwMDAwMDAwLCJkZWxldGUiOjE4MDAwMDAwMDAwMDAsInJlYWQiOjMwMDAwMDAwMDAwMCwidXBkYXRlIjoxODAwMDAwMDAwMDAwfSwic2NoZW1hX3ZlcnNpb24iOiIyIn0=",
          "dependencies": [
            "azurerm_resource_group.rg",
            "module.compute.azurerm_linux_virtual_machine_scale_set.vmss",
            "module.identity.azurerm_user_assigned_identity.vmss_identity",
            "module.network_central.azurerm_lb.vmss_lb",
            "module.network_central.azurerm_lb.was_lb",
            "module.network_central.azurerm_lb_backend_address_pool.bpepool",
            "module.network_central.azurerm_lb_nat_pool.ssh_nat_pool",
            "module.network_central.azurerm_lb_probe.vmss_probe",
            "module.network_central.azurerm_public_ip.lb_pip",
            "module.network_central.azurerm_subnet.subnets",
            "module.network_central.azurerm_virtual_network.vnet",
            "module.security.azurerm_application_insights.app_insights",
            "module.security.azurerm_log_analytics_workspace.law"
          ]
        }
      ]
    },
    {
      "module": "module.compute",
      "mode": "managed",
      "type": "azurerm_monitor_data_collection_rule_association",
      "name": "mail_vm_dcr",
      "provider": "provider[\"registry.terraform.io/hashicorp/azurerm\"]",
      "instances": [
        {
          "schema_version": 0,
          "attributes": {
            "data_collection_endpoint_id": "",
            "data_collection_rule_id": "/subscriptions/99b79efe-ebd6-468c-b39f-5669acb259e1/resourceGroups/04-t1-www-rg/providers/Microsoft.Insights/dataCollectionRules/syslog-dcr",
            "description": "",
            "id": "/subscriptions/99b79efe-ebd6-468c-b39f-5669acb259e1/resourceGroups/04-t1-www-rg/providers/Microsoft.Compute/virtualMachines/mail-vm/providers/Microsoft.Insights/dataCollectionRuleAssociations/mail-vm-dcr-association",
            "name": "mail-vm-dcr-association",
            "target_resource_id": "/subscriptions/99b79efe-ebd6-468c-b39f-5669acb259e1/resourceGroups/04-t1-www-rg/providers/Microsoft.Compute/virtualMachines/mail-vm",
            "timeouts": null
          },
          "sensitive_attributes": [],
          "identity_schema_version": 0,
          "private": "eyJlMmJmYjczMC1lY2FhLTExZTYtOGY4OC0zNDM2M2JjN2M0YzAiOnsiY3JlYXRlIjoxODAwMDAwMDAwMDAwLCJkZWxldGUiOjE4MDAwMDAwMDAwMDAsInJlYWQiOjMwMDAwMDAwMDAwMCwidXBkYXRlIjoxODAwMDAwMDAwMDAwfX0=",
          "dependencies": [
            "azurerm_resource_group.rg",
            "module.compute.azurerm_linux_virtual_machine.mail_vm",
            "module.compute.azurerm_network_interface.mail_nic",
            "module.compute.azurerm_public_ip.mail_pip",
            "module.database.azurerm_mysql_flexible_server.www_mysql",
            "module.database.random_string.mysql_suffix",
            "module.network_central.azurerm_subnet.subnets",
            "module.network_central.azurerm_virtual_network.vnet",
            "module.security.azurerm_key_vault.kv",
            "module.security.azurerm_log_analytics_workspace.law",
            "module.security.azurerm_monitor_data_collection_rule.syslog_dcr",
            "module.security.data.azurerm_client_config.current",
            "module.security.data.http.my_ip",
            "module.security.random_id.kv"
          ]
        }
      ]
    },
    {
      "module": "module.compute",
      "mode": "managed",
      "type": "azurerm_monitor_data_collection_rule_association",
      "name": "vmss_dcr",
      "provider": "provider[\"registry.terraform.io/hashicorp/azurerm\"]",
      "instances": [
        {
          "schema_version": 0,
          "attributes": {
            "data_collection_endpoint_id": "",
            "data_collection_rule_id": "/subscriptions/99b79efe-ebd6-468c-b39f-5669acb259e1/resourceGroups/04-t1-www-rg/providers/Microsoft.Insights/dataCollectionRules/syslog-dcr",
            "description": "",
            "id": "/subscriptions/99b79efe-ebd6-468c-b39f-5669acb259e1/resourceGroups/04-t1-www-rg/providers/Microsoft.Compute/virtualMachineScaleSets/web-vmss/providers/Microsoft.Insights/dataCollectionRuleAssociations/vmss-dcr-association",
            "name": "vmss-dcr-association",
            "target_resource_id": "/subscriptions/99b79efe-ebd6-468c-b39f-5669acb259e1/resourceGroups/04-t1-www-rg/providers/Microsoft.Compute/virtualMachineScaleSets/web-vmss",
            "timeouts": null
          },
          "sensitive_attributes": [],
          "identity_schema_version": 0,
          "private": "eyJlMmJmYjczMC1lY2FhLTExZTYtOGY4OC0zNDM2M2JjN2M0YzAiOnsiY3JlYXRlIjoxODAwMDAwMDAwMDAwLCJkZWxldGUiOjE4MDAwMDAwMDAwMDAsInJlYWQiOjMwMDAwMDAwMDAwMCwidXBkYXRlIjoxODAwMDAwMDAwMDAwfX0=",
          "dependencies": [
            "azurerm_resource_group.rg",
            "module.compute.azurerm_linux_virtual_machine_scale_set.vmss",
            "module.identity.azurerm_user_assigned_identity.vmss_identity",
            "module.network_central.azurerm_lb.vmss_lb",
            "module.network_central.azurerm_lb.was_lb",
            "module.network_central.azurerm_lb_backend_address_pool.bpepool",
            "module.network_central.azurerm_lb_nat_pool.ssh_nat_pool",
            "module.network_central.azurerm_lb_probe.vmss_probe",
            "module.network_central.azurerm_public_ip.lb_pip",
            "module.network_central.azurerm_subnet.subnets",
            "module.network_central.azurerm_virtual_network.vnet",
            "module.security.azurerm_application_insights.app_insights",
            "module.security.azurerm_log_analytics_workspace.law",
            "module.security.azurerm_monitor_data_collection_rule.syslog_dcr"
          ]
        }
      ]
    },
    {
      "module": "module.compute",
      "mode": "managed",
      "type": "azurerm_monitor_data_collection_rule_association",
      "name": "was_vmss_dcr",
      "provider": "provider[\"registry.terraform.io/hashicorp/azurerm\"]",
      "instances": [
        {
          "schema_version": 0,
          "attributes": {
            "data_collection_endpoint_id": "",
            "data_collection_rule_id": "/subscriptions/99b79efe-ebd6-468c-b39f-5669acb259e1/resourceGroups/04-t1-www-rg/providers/Microsoft.Insights/dataCollectionRules/syslog-dcr",
            "description": "",
            "id": "/subscriptions/99b79efe-ebd6-468c-b39f-5669acb259e1/resourceGroups/04-t1-www-rg/providers/Microsoft.Compute/virtualMachineScaleSets/was-vmss/providers/Microsoft.Insights/dataCollectionRuleAssociations/was-vmss-dcr-association",
            "name": "was-vmss-dcr-association",
            "target_resource_id": "/subscriptions/99b79efe-ebd6-468c-b39f-5669acb259e1/resourceGroups/04-t1-www-rg/providers/Microsoft.Compute/virtualMachineScaleSets/was-vmss",
            "timeouts": null
          },
          "sensitive_attributes": [],
          "identity_schema_version": 0,
          "private": "eyJlMmJmYjczMC1lY2FhLTExZTYtOGY4OC0zNDM2M2JjN2M0YzAiOnsiY3JlYXRlIjoxODAwMDAwMDAwMDAwLCJkZWxldGUiOjE4MDAwMDAwMDAwMDAsInJlYWQiOjMwMDAwMDAwMDAwMCwidXBkYXRlIjoxODAwMDAwMDAwMDAwfX0=",
          "dependencies": [
            "azurerm_resource_group.rg",
            "module.compute.azurerm_linux_virtual_machine.mail_vm",
            "module.compute.azurerm_linux_virtual_machine_scale_set.was_vmss",
            "module.compute.azurerm_network_interface.mail_nic",
            "module.compute.azurerm_public_ip.mail_pip",
            "module.database.azurerm_mysql_flexible_server.www_mysql",
            "module.database.azurerm_mysql_flexible_server.www_replica",
            "module.database.azurerm_mysql_flexible_server.www_replica_2",
            "module.database.azurerm_redis_cache.www_redis",
            "module.database.random_string.mysql_suffix",
            "module.database.random_string.redis_suffix",
            "module.database.random_string.replica_suffix",
            "module.database.time_sleep.wait_for_primary",
            "module.identity.azurerm_user_assigned_identity.vmss_identity",
            "module.network_central.azurerm_lb.was_lb",
            "module.network_central.azurerm_lb_backend_address_pool.was_backend_pool",
            "module.network_central.azurerm_lb_probe.was_probe",
            "module.network_central.azurerm_subnet.subnets",
            "module.network_central.azurerm_virtual_network.vnet",
            "module.security.azurerm_application_insights.app_insights",
            "module.security.azurerm_key_vault.kv",
            "module.security.azurerm_log_analytics_workspace.law",
            "module.security.azurerm_monitor_data_collection_rule.syslog_dcr",
            "module.security.data.azurerm_client_config.current",
            "module.security.data.http.my_ip",
            "module.security.random_id.kv",
            "module.storage.azurerm_storage_account.www_sa",
            "module.storage.random_string.sa_suffix"
          ]
        }
      ]
    },
    {
      "module": "module.compute",
      "mode": "managed",
      "type": "azurerm_monitor_diagnostic_setting",
      "name": "nsg_mail_diag",
      "provider": "provider[\"registry.terraform.io/hashicorp/azurerm\"]",
      "instances": [
        {
          "schema_version": 0,
          "attributes": {
            "enabled_log": [
              {
                "category": "NetworkSecurityGroupEvent",
                "category_group": "",
                "retention_policy": [
                  {
                    "days": 0,
                    "enabled": false
                  }
                ]
              },
              {
                "category": "NetworkSecurityGroupRuleCounter",
                "category_group": "",
                "retention_policy": [
                  {
                    "days": 0,
                    "enabled": false
                  }
                ]
              }
            ],
            "enabled_metric": [],
            "eventhub_authorization_rule_id": "",
            "eventhub_name": "",
            "id": "/subscriptions/99b79efe-ebd6-468c-b39f-5669acb259e1/resourceGroups/04-t1-www-rg/providers/Microsoft.Network/networkSecurityGroups/mail-nsg|nsg-mail-diag",
            "log_analytics_destination_type": "",
            "log_analytics_workspace_id": "/subscriptions/99b79efe-ebd6-468c-b39f-5669acb259e1/resourceGroups/04-t1-www-rg/providers/Microsoft.OperationalInsights/workspaces/www-law",
            "metric": [],
            "name": "nsg-mail-diag",
            "partner_solution_id": null,
            "storage_account_id": null,
            "target_resource_id": "/subscriptions/99b79efe-ebd6-468c-b39f-5669acb259e1/resourceGroups/04-t1-www-rg/providers/Microsoft.Network/networkSecurityGroups/mail-nsg",
            "timeouts": null
          },
          "sensitive_attributes": [],
          "identity_schema_version": 0,
          "private": "eyJlMmJmYjczMC1lY2FhLTExZTYtOGY4OC0zNDM2M2JjN2M0YzAiOnsiY3JlYXRlIjoxODAwMDAwMDAwMDAwLCJkZWxldGUiOjM2MDAwMDAwMDAwMDAsInJlYWQiOjMwMDAwMDAwMDAwMCwidXBkYXRlIjoxODAwMDAwMDAwMDAwfX0=",
          "dependencies": [
            "azurerm_resource_group.rg",
            "module.compute.azurerm_network_security_group.mail_nsg",
            "module.security.azurerm_log_analytics_workspace.law"
          ]
        }
      ]
    },
    {
      "module": "module.compute",
      "mode": "managed",
      "type": "azurerm_monitor_diagnostic_setting",
      "name": "vmss_diag",
      "provider": "provider[\"registry.terraform.io/hashicorp/azurerm\"]",
      "instances": [
        {
          "schema_version": 0,
          "attributes": {
            "enabled_log": [],
            "enabled_metric": [
              {
                "category": "AllMetrics"
              }
            ],
            "eventhub_authorization_rule_id": "",
            "eventhub_name": "",
            "id": "/subscriptions/99b79efe-ebd6-468c-b39f-5669acb259e1/resourceGroups/04-t1-www-rg/providers/Microsoft.Compute/virtualMachineScaleSets/web-vmss|vmss-diag",
            "log_analytics_destination_type": "",
            "log_analytics_workspace_id": "/subscriptions/99b79efe-ebd6-468c-b39f-5669acb259e1/resourceGroups/04-t1-www-rg/providers/Microsoft.OperationalInsights/workspaces/www-law",
            "metric": [
              {
                "category": "AllMetrics",
                "enabled": true,
                "retention_policy": [
                  {
                    "days": 0,
                    "enabled": false
                  }
                ]
              }
            ],
            "name": "vmss-diag",
            "partner_solution_id": null,
            "storage_account_id": null,
            "target_resource_id": "/subscriptions/99b79efe-ebd6-468c-b39f-5669acb259e1/resourceGroups/04-t1-www-rg/providers/Microsoft.Compute/virtualMachineScaleSets/web-vmss",
            "timeouts": null
          },
          "sensitive_attributes": [],
          "identity_schema_version": 0,
          "private": "eyJlMmJmYjczMC1lY2FhLTExZTYtOGY4OC0zNDM2M2JjN2M0YzAiOnsiY3JlYXRlIjoxODAwMDAwMDAwMDAwLCJkZWxldGUiOjM2MDAwMDAwMDAwMDAsInJlYWQiOjMwMDAwMDAwMDAwMCwidXBkYXRlIjoxODAwMDAwMDAwMDAwfX0=",
          "dependencies": [
            "azurerm_resource_group.rg",
            "module.compute.azurerm_linux_virtual_machine_scale_set.vmss",
            "module.identity.azurerm_user_assigned_identity.vmss_identity",
            "module.network_central.azurerm_lb.vmss_lb",
            "module.network_central.azurerm_lb.was_lb",
            "module.network_central.azurerm_lb_backend_address_pool.bpepool",
            "module.network_central.azurerm_lb_nat_pool.ssh_nat_pool",
            "module.network_central.azurerm_lb_probe.vmss_probe",
            "module.network_central.azurerm_public_ip.lb_pip",
            "module.network_central.azurerm_subnet.subnets",
            "module.network_central.azurerm_virtual_network.vnet",
            "module.security.azurerm_application_insights.app_insights",
            "module.security.azurerm_log_analytics_workspace.law"
          ]
        }
      ]
    },
    {
      "module": "module.compute",
      "mode": "managed",
      "type": "azurerm_monitor_diagnostic_setting",
      "name": "was_vmss_diag",
      "provider": "provider[\"registry.terraform.io/hashicorp/azurerm\"]",
      "instances": [
        {
          "schema_version": 0,
          "attributes": {
            "enabled_log": [],
            "enabled_metric": [
              {
                "category": "AllMetrics"
              }
            ],
            "eventhub_authorization_rule_id": "",
            "eventhub_name": "",
            "id": "/subscriptions/99b79efe-ebd6-468c-b39f-5669acb259e1/resourceGroups/04-t1-www-rg/providers/Microsoft.Compute/virtualMachineScaleSets/was-vmss|was-vmss-diag",
            "log_analytics_destination_type": "",
            "log_analytics_workspace_id": "/subscriptions/99b79efe-ebd6-468c-b39f-5669acb259e1/resourceGroups/04-t1-www-rg/providers/Microsoft.OperationalInsights/workspaces/www-law",
            "metric": [
              {
                "category": "AllMetrics",
                "enabled": true,
                "retention_policy": [
                  {
                    "days": 0,
                    "enabled": false
                  }
                ]
              }
            ],
            "name": "was-vmss-diag",
            "partner_solution_id": null,
            "storage_account_id": null,
            "target_resource_id": "/subscriptions/99b79efe-ebd6-468c-b39f-5669acb259e1/resourceGroups/04-t1-www-rg/providers/Microsoft.Compute/virtualMachineScaleSets/was-vmss",
            "timeouts": null
          },
          "sensitive_attributes": [],
          "identity_schema_version": 0,
          "private": "eyJlMmJmYjczMC1lY2FhLTExZTYtOGY4OC0zNDM2M2JjN2M0YzAiOnsiY3JlYXRlIjoxODAwMDAwMDAwMDAwLCJkZWxldGUiOjM2MDAwMDAwMDAwMDAsInJlYWQiOjMwMDAwMDAwMDAwMCwidXBkYXRlIjoxODAwMDAwMDAwMDAwfX0=",
          "dependencies": [
            "azurerm_resource_group.rg",
            "module.compute.azurerm_linux_virtual_machine.mail_vm",
            "module.compute.azurerm_linux_virtual_machine_scale_set.was_vmss",
            "module.compute.azurerm_network_interface.mail_nic",
            "module.compute.azurerm_public_ip.mail_pip",
            "module.database.azurerm_mysql_flexible_server.www_mysql",
            "module.database.azurerm_mysql_flexible_server.www_replica",
            "module.database.azurerm_mysql_flexible_server.www_replica_2",
            "module.database.azurerm_redis_cache.www_redis",
            "module.database.random_string.mysql_suffix",
            "module.database.random_string.redis_suffix",
            "module.database.random_string.replica_suffix",
            "module.database.time_sleep.wait_for_primary",
            "module.identity.azurerm_user_assigned_identity.vmss_identity",
            "module.network_central.azurerm_lb.was_lb",
            "module.network_central.azurerm_lb_backend_address_pool.was_backend_pool",
            "module.network_central.azurerm_lb_probe.was_probe",
            "module.network_central.azurerm_subnet.subnets",
            "module.network_central.azurerm_virtual_network.vnet",
            "module.security.azurerm_application_insights.app_insights",
            "module.security.azurerm_key_vault.kv",
            "module.security.azurerm_log_analytics_workspace.law",
            "module.security.data.azurerm_client_config.current",
            "module.security.data.http.my_ip",
            "module.security.random_id.kv",
            "module.storage.azurerm_storage_account.www_sa",
            "module.storage.random_string.sa_suffix"
          ]
        }
      ]
    },
    {
      "module": "module.compute",
      "mode": "managed",
      "type": "azurerm_network_interface",
      "name": "mail_nic",
      "provider": "provider[\"registry.terraform.io/hashicorp/azurerm\"]",
      "instances": [
        {
          "schema_version": 0,
          "attributes": {
            "accelerated_networking_enabled": false,
            "applied_dns_servers": [],
            "auxiliary_mode": "",
            "auxiliary_sku": "",
            "dns_servers": [],
            "edge_zone": "",
            "id": "/subscriptions/99b79efe-ebd6-468c-b39f-5669acb259e1/resourceGroups/04-t1-www-rg/providers/Microsoft.Network/networkInterfaces/mail-nic",
            "internal_dns_name_label": "",
            "internal_domain_name_suffix": "",
            "ip_configuration": [
              {
                "gateway_load_balancer_frontend_ip_configuration_id": "",
                "name": "mail-ip-config",
                "primary": true,
                "private_ip_address": "192.168.5.5",
                "private_ip_address_allocation": "Dynamic",
                "private_ip_address_version": "IPv4",
                "public_ip_address_id": "/subscriptions/99b79efe-ebd6-468c-b39f-5669acb259e1/resourceGroups/04-t1-www-rg/providers/Microsoft.Network/publicIPAddresses/mail-pip",
                "subnet_id": "/subscriptions/99b79efe-ebd6-468c-b39f-5669acb259e1/resourceGroups/04-t1-www-rg/providers/Microsoft.Network/virtualNetworks/vnet0/subnets/www-was"
              }
            ],
            "ip_forwarding_enabled": false,
            "location": "koreacentral",
            "mac_address": "00-22-48-05-59-43",
            "name": "mail-nic",
            "private_ip_address": "192.168.5.5",
            "private_ip_addresses": [
              "192.168.5.5"
            ],
            "resource_group_name": "04-t1-www-rg",
            "tags": {},
            "timeouts": null,
            "virtual_machine_id": "/subscriptions/99b79efe-ebd6-468c-b39f-5669acb259e1/resourceGroups/04-t1-www-rg/providers/Microsoft.Compute/virtualMachines/mail-vm"
          },
          "sensitive_attributes": [],
          "identity_schema_version": 0,
          "identity": {
            "name": "mail-nic",
            "resource_group_name": "04-t1-www-rg",
            "subscription_id": "99b79efe-ebd6-468c-b39f-5669acb259e1"
          },
          "private": "eyJlMmJmYjczMC1lY2FhLTExZTYtOGY4OC0zNDM2M2JjN2M0YzAiOnsiY3JlYXRlIjoxODAwMDAwMDAwMDAwLCJkZWxldGUiOjE4MDAwMDAwMDAwMDAsInJlYWQiOjMwMDAwMDAwMDAwMCwidXBkYXRlIjoxODAwMDAwMDAwMDAwfX0=",
          "dependencies": [
            "azurerm_resource_group.rg",
            "module.compute.azurerm_public_ip.mail_pip",
            "module.network_central.azurerm_subnet.subnets",
            "module.network_central.azurerm_virtual_network.vnet"
          ]
        }
      ]
    },
    {
      "module": "module.compute",
      "mode": "managed",
      "type": "azurerm_network_interface_security_group_association",
      "name": "mail_nsg_assoc",
      "provider": "provider[\"registry.terraform.io/hashicorp/azurerm\"]",
      "instances": [
        {
          "schema_version": 0,
          "attributes": {
            "id": "/subscriptions/99b79efe-ebd6-468c-b39f-5669acb259e1/resourceGroups/04-t1-www-rg/providers/Microsoft.Network/networkInterfaces/mail-nic|/subscriptions/99b79efe-ebd6-468c-b39f-5669acb259e1/resourceGroups/04-t1-www-rg/providers/Microsoft.Network/networkSecurityGroups/mail-nsg",
            "network_interface_id": "/subscriptions/99b79efe-ebd6-468c-b39f-5669acb259e1/resourceGroups/04-t1-www-rg/providers/Microsoft.Network/networkInterfaces/mail-nic",
            "network_security_group_id": "/subscriptions/99b79efe-ebd6-468c-b39f-5669acb259e1/resourceGroups/04-t1-www-rg/providers/Microsoft.Network/networkSecurityGroups/mail-nsg",
            "timeouts": null
          },
          "sensitive_attributes": [],
          "identity_schema_version": 0,
          "private": "eyJlMmJmYjczMC1lY2FhLTExZTYtOGY4OC0zNDM2M2JjN2M0YzAiOnsiY3JlYXRlIjoxODAwMDAwMDAwMDAwLCJkZWxldGUiOjE4MDAwMDAwMDAwMDAsInJlYWQiOjMwMDAwMDAwMDAwMH19",
          "dependencies": [
            "azurerm_resource_group.rg",
            "module.compute.azurerm_network_interface.mail_nic",
            "module.compute.azurerm_network_security_group.mail_nsg",
            "module.compute.azurerm_public_ip.mail_pip",
            "module.network_central.azurerm_subnet.subnets",
            "module.network_central.azurerm_virtual_network.vnet"
          ]
        }
      ]
    },
    {
      "module": "module.compute",
      "mode": "managed",
      "type": "azurerm_network_security_group",
      "name": "mail_nsg",
      "provider": "provider[\"registry.terraform.io/hashicorp/azurerm\"]",
      "instances": [
        {
          "schema_version": 0,
          "attributes": {
            "id": "/subscriptions/99b79efe-ebd6-468c-b39f-5669acb259e1/resourceGroups/04-t1-www-rg/providers/Microsoft.Network/networkSecurityGroups/mail-nsg",
            "location": "koreacentral",
            "name": "mail-nsg",
            "resource_group_name": "04-t1-www-rg",
            "security_rule": [
              {
                "access": "Allow",
                "description": "",
                "destination_address_prefix": "*",
                "destination_address_prefixes": [],
                "destination_application_security_group_ids": [],
                "destination_port_range": "110",
                "destination_port_ranges": [],
                "direction": "Inbound",
                "name": "AllowPOP3",
                "priority": 140,
                "protocol": "Tcp",
                "source_address_prefix": "*",
                "source_address_prefixes": [],
                "source_application_security_group_ids": [],
                "source_port_range": "*",
                "source_port_ranges": []
              },
              {
                "access": "Allow",
                "description": "",
                "destination_address_prefix": "*",
                "destination_address_prefixes": [],
                "destination_application_security_group_ids": [],
                "destination_port_range": "143",
                "destination_port_ranges": [],
                "direction": "Inbound",
                "name": "AllowIMAP",
                "priority": 130,
                "protocol": "Tcp",
                "source_address_prefix": "*",
                "source_address_prefixes": [],
                "source_application_security_group_ids": [],
                "source_port_range": "*",
                "source_port_ranges": []
              },
              {
                "access": "Allow",
                "description": "",
                "destination_address_prefix": "*",
                "destination_address_prefixes": [],
                "destination_application_security_group_ids": [],
                "destination_port_range": "22",
                "destination_port_ranges": [],
                "direction": "Inbound",
                "name": "AllowSSH",
                "priority": 110,
                "protocol": "Tcp",
                "source_address_prefix": "",
                "source_address_prefixes": [
                  "211.227.107.208",
                  "211.252.127.132",
                  "61.108.60.26"
                ],
                "source_application_security_group_ids": [],
                "source_port_range": "*",
                "source_port_ranges": []
              },
              {
                "access": "Allow",
                "description": "",
                "destination_address_prefix": "*",
                "destination_address_prefixes": [],
                "destination_application_security_group_ids": [],
                "destination_port_range": "25",
                "destination_port_ranges": [],
                "direction": "Inbound",
                "name": "AllowSMTP",
                "priority": 120,
                "protocol": "Tcp",
                "source_address_prefix": "*",
                "source_address_prefixes": [],
                "source_application_security_group_ids": [],
                "source_port_range": "*",
                "source_port_ranges": []
              },
              {
                "access": "Allow",
                "description": "",
                "destination_address_prefix": "*",
                "destination_address_prefixes": [],
                "destination_application_security_group_ids": [],
                "destination_port_range": "443",
                "destination_port_ranges": [],
                "direction": "Inbound",
                "name": "AllowHTTPS",
                "priority": 101,
                "protocol": "Tcp",
                "source_address_prefix": "*",
                "source_address_prefixes": [],
                "source_application_security_group_ids": [],
                "source_port_range": "*",
                "source_port_ranges": []
              },
              {
                "access": "Allow",
                "description": "",
                "destination_address_prefix": "*",
                "destination_address_prefixes": [],
                "destination_application_security_group_ids": [],
                "destination_port_range": "80",
                "destination_port_ranges": [],
                "direction": "Inbound",
                "name": "AllowHTTP",
                "priority": 100,
                "protocol": "Tcp",
                "source_address_prefix": "*",
                "source_address_prefixes": [],
                "source_application_security_group_ids": [],
                "source_port_range": "*",
                "source_port_ranges": []
              }
            ],
            "tags": {
              "Service": "Mail Server"
            },
            "timeouts": null
          },
          "sensitive_attributes": [],
          "identity_schema_version": 0,
          "identity": {
            "name": "mail-nsg",
            "resource_group_name": "04-t1-www-rg",
            "subscription_id": "99b79efe-ebd6-468c-b39f-5669acb259e1"
          },
          "private": "eyJlMmJmYjczMC1lY2FhLTExZTYtOGY4OC0zNDM2M2JjN2M0YzAiOnsiY3JlYXRlIjoxODAwMDAwMDAwMDAwLCJkZWxldGUiOjE4MDAwMDAwMDAwMDAsInJlYWQiOjMwMDAwMDAwMDAwMCwidXBkYXRlIjoxODAwMDAwMDAwMDAwfX0=",
          "dependencies": [
            "azurerm_resource_group.rg"
          ]
        }
      ]
    },
    {
      "module": "module.compute",
      "mode": "managed",
      "type": "azurerm_public_ip",
      "name": "mail_pip",
      "provider": "provider[\"registry.terraform.io/hashicorp/azurerm\"]",
      "instances": [
        {
          "schema_version": 0,
          "attributes": {
            "allocation_method": "Static",
            "ddos_protection_mode": "VirtualNetworkInherited",
            "ddos_protection_plan_id": null,
            "domain_name_label": null,
            "domain_name_label_scope": null,
            "edge_zone": "",
            "fqdn": null,
            "id": "/subscriptions/99b79efe-ebd6-468c-b39f-5669acb259e1/resourceGroups/04-t1-www-rg/providers/Microsoft.Network/publicIPAddresses/mail-pip",
            "idle_timeout_in_minutes": 4,
            "ip_address": "20.196.153.165",
            "ip_tags": {},
            "ip_version": "IPv4",
            "location": "koreacentral",
            "name": "mail-pip",
            "public_ip_prefix_id": null,
            "resource_group_name": "04-t1-www-rg",
            "reverse_fqdn": null,
            "sku": "Standard",
            "sku_tier": "Regional",
            "tags": {},
            "timeouts": null,
            "zones": [
              "1"
            ]
          },
          "sensitive_attributes": [],
          "identity_schema_version": 0,
          "private": "eyJlMmJmYjczMC1lY2FhLTExZTYtOGY4OC0zNDM2M2JjN2M0YzAiOnsiY3JlYXRlIjoxODAwMDAwMDAwMDAwLCJkZWxldGUiOjE4MDAwMDAwMDAwMDAsInJlYWQiOjMwMDAwMDAwMDAwMCwidXBkYXRlIjoxODAwMDAwMDAwMDAwfX0=",
          "dependencies": [
            "azurerm_resource_group.rg"
          ]
        }
      ]
    },
    {
      "module": "module.compute",
      "mode": "managed",
      "type": "azurerm_recovery_services_vault",
      "name": "vault",
      "provider": "provider[\"registry.terraform.io/hashicorp/azurerm\"]",
      "instances": [
        {
          "schema_version": 0,
          "attributes": {
            "classic_vmware_replication_enabled": false,
            "cross_region_restore_enabled": false,
            "encryption": [],
            "id": "/subscriptions/99b79efe-ebd6-468c-b39f-5669acb259e1/resourceGroups/04-t1-www-rg/providers/Microsoft.RecoveryServices/vaults/www-recovery-vault",
            "identity": [],
            "immutability": "Disabled",
            "location": "koreacentral",
            "monitoring": [],
            "name": "www-recovery-vault",
            "public_network_access_enabled": true,
            "resource_group_name": "04-t1-www-rg",
            "sku": "Standard",
            "soft_delete_enabled": false,
            "storage_mode_type": "GeoRedundant",
            "tags": {},
            "timeouts": null
          },
          "sensitive_attributes": [],
          "identity_schema_version": 0,
          "private": "eyJlMmJmYjczMC1lY2FhLTExZTYtOGY4OC0zNDM2M2JjN2M0YzAiOnsiY3JlYXRlIjo3MjAwMDAwMDAwMDAwLCJkZWxldGUiOjE4MDAwMDAwMDAwMDAsInJlYWQiOjMwMDAwMDAwMDAwMCwidXBkYXRlIjozNjAwMDAwMDAwMDAwfX0=",
          "dependencies": [
            "azurerm_resource_group.rg"
          ]
        }
      ]
    },
    {
      "module": "module.compute",
      "mode": "managed",
      "type": "azurerm_role_assignment",
      "name": "mail_vm_kv_role",
      "provider": "provider[\"registry.terraform.io/hashicorp/azurerm\"]",
      "instances": [
        {
          "schema_version": 0,
          "attributes": {
            "condition": "",
            "condition_version": "",
            "delegated_managed_identity_resource_id": "",
            "description": "",
            "id": "/subscriptions/99b79efe-ebd6-468c-b39f-5669acb259e1/resourceGroups/04-t1-www-rg/providers/Microsoft.KeyVault/vaults/www-kv-7e7f667e/providers/Microsoft.Authorization/roleAssignments/960845af-2de5-fbd6-c57a-07821485e4a9",
            "name": "960845af-2de5-fbd6-c57a-07821485e4a9",
            "principal_id": "51027265-384d-4391-9d5f-8b17d107e79e",
            "principal_type": "ServicePrincipal",
            "role_definition_id": "/subscriptions/99b79efe-ebd6-468c-b39f-5669acb259e1/providers/Microsoft.Authorization/roleDefinitions/4633458b-17de-408a-b874-0445c86b69e6",
            "role_definition_name": "Key Vault Secrets User",
            "scope": "/subscriptions/99b79efe-ebd6-468c-b39f-5669acb259e1/resourceGroups/04-t1-www-rg/providers/Microsoft.KeyVault/vaults/www-kv-7e7f667e",
            "skip_service_principal_aad_check": null,
            "timeouts": null
          },
          "sensitive_attributes": [],
          "identity_schema_version": 0,
          "private": "eyJlMmJmYjczMC1lY2FhLTExZTYtOGY4OC0zNDM2M2JjN2M0YzAiOnsiY3JlYXRlIjoxODAwMDAwMDAwMDAwLCJkZWxldGUiOjE4MDAwMDAwMDAwMDAsInJlYWQiOjMwMDAwMDAwMDAwMH19",
          "dependencies": [
            "azurerm_resource_group.rg",
            "module.compute.azurerm_linux_virtual_machine.mail_vm",
            "module.compute.azurerm_network_interface.mail_nic",
            "module.compute.azurerm_public_ip.mail_pip",
            "module.database.azurerm_mysql_flexible_server.www_mysql",
            "module.database.random_string.mysql_suffix",
            "module.network_central.azurerm_subnet.subnets",
            "module.network_central.azurerm_virtual_network.vnet",
            "module.security.azurerm_key_vault.kv",
            "module.security.data.azurerm_client_config.current",
            "module.security.data.http.my_ip",
            "module.security.random_id.kv"
          ]
        }
      ]
    },
    {
      "module": "module.compute",
      "mode": "managed",
      "type": "azurerm_virtual_machine_extension",
      "name": "mail_ama",
      "provider": "provider[\"registry.terraform.io/hashicorp/azurerm\"]",
      "instances": [
        {
          "schema_version": 0,
          "attributes": {
            "auto_upgrade_minor_version": true,
            "automatic_upgrade_enabled": false,
            "failure_suppression_enabled": false,
            "id": "/subscriptions/99b79efe-ebd6-468c-b39f-5669acb259e1/resourceGroups/04-t1-www-rg/providers/Microsoft.Compute/virtualMachines/mail-vm/extensions/AzureMonitorLinuxAgent",
            "name": "AzureMonitorLinuxAgent",
            "protected_settings": null,
            "protected_settings_from_key_vault": [],
            "provision_after_extensions": [],
            "publisher": "Microsoft.Azure.Monitor",
            "settings": null,
            "tags": {},
            "timeouts": null,
            "type": "AzureMonitorLinuxAgent",
            "type_handler_version": "1.0",
            "virtual_machine_id": "/subscriptions/99b79efe-ebd6-468c-b39f-5669acb259e1/resourceGroups/04-t1-www-rg/providers/Microsoft.Compute/virtualMachines/mail-vm"
          },
          "sensitive_attributes": [
            [
              {
                "type": "get_attr",
                "value": "protected_settings"
              }
            ]
          ],
          "identity_schema_version": 0,
          "identity": {
            "name": "AzureMonitorLinuxAgent",
            "resource_group_name": "04-t1-www-rg",
            "subscription_id": "99b79efe-ebd6-468c-b39f-5669acb259e1",
            "virtual_machine_name": "mail-vm"
          },
          "private": "eyJlMmJmYjczMC1lY2FhLTExZTYtOGY4OC0zNDM2M2JjN2M0YzAiOnsiY3JlYXRlIjoxODAwMDAwMDAwMDAwLCJkZWxldGUiOjE4MDAwMDAwMDAwMDAsInJlYWQiOjMwMDAwMDAwMDAwMCwidXBkYXRlIjoxODAwMDAwMDAwMDAwfX0=",
          "dependencies": [
            "azurerm_resource_group.rg",
            "module.compute.azurerm_linux_virtual_machine.mail_vm",
            "module.compute.azurerm_network_interface.mail_nic",
            "module.compute.azurerm_public_ip.mail_pip",
            "module.database.azurerm_mysql_flexible_server.www_mysql",
            "module.database.random_string.mysql_suffix",
            "module.network_central.azurerm_subnet.subnets",
            "module.network_central.azurerm_virtual_network.vnet",
            "module.security.azurerm_key_vault.kv",
            "module.security.data.azurerm_client_config.current",
            "module.security.data.http.my_ip",
            "module.security.random_id.kv"
          ]
        }
      ]
    },
    {
      "module": "module.compute",
      "mode": "managed",
      "type": "azurerm_virtual_machine_scale_set_extension",
      "name": "ama",
      "provider": "provider[\"registry.terraform.io/hashicorp/azurerm\"]",
      "instances": [
        {
          "schema_version": 0,
          "attributes": {
            "auto_upgrade_minor_version": true,
            "automatic_upgrade_enabled": false,
            "failure_suppression_enabled": false,
            "force_update_tag": "",
            "id": "/subscriptions/99b79efe-ebd6-468c-b39f-5669acb259e1/resourceGroups/04-t1-www-rg/providers/Microsoft.Compute/virtualMachineScaleSets/web-vmss/extensions/AzureMonitorLinuxAgent",
            "name": "AzureMonitorLinuxAgent",
            "protected_settings": null,
            "protected_settings_from_key_vault": [],
            "provision_after_extensions": null,
            "publisher": "Microsoft.Azure.Monitor",
            "settings": "",
            "timeouts": null,
            "type": "AzureMonitorLinuxAgent",
            "type_handler_version": "1.2",
            "virtual_machine_scale_set_id": "/subscriptions/99b79efe-ebd6-468c-b39f-5669acb259e1/resourceGroups/04-t1-www-rg/providers/Microsoft.Compute/virtualMachineScaleSets/web-vmss"
          },
          "sensitive_attributes": [
            [
              {
                "type": "get_attr",
                "value": "protected_settings"
              }
            ]
          ],
          "identity_schema_version": 0,
          "private": "eyJlMmJmYjczMC1lY2FhLTExZTYtOGY4OC0zNDM2M2JjN2M0YzAiOnsiY3JlYXRlIjoxODAwMDAwMDAwMDAwLCJkZWxldGUiOjE4MDAwMDAwMDAwMDAsInJlYWQiOjMwMDAwMDAwMDAwMCwidXBkYXRlIjoxODAwMDAwMDAwMDAwfX0=",
          "dependencies": [
            "azurerm_resource_group.rg",
            "module.compute.azurerm_linux_virtual_machine_scale_set.vmss",
            "module.identity.azurerm_user_assigned_identity.vmss_identity",
            "module.network_central.azurerm_lb.vmss_lb",
            "module.network_central.azurerm_lb.was_lb",
            "module.network_central.azurerm_lb_backend_address_pool.bpepool",
            "module.network_central.azurerm_lb_nat_pool.ssh_nat_pool",
            "module.network_central.azurerm_lb_probe.vmss_probe",
            "module.network_central.azurerm_public_ip.lb_pip",
            "module.network_central.azurerm_subnet.subnets",
            "module.network_central.azurerm_virtual_network.vnet",
            "module.security.azurerm_application_insights.app_insights",
            "module.security.azurerm_log_analytics_workspace.law"
          ]
        }
      ]
    },
    {
      "module": "module.compute",
      "mode": "managed",
      "type": "azurerm_virtual_machine_scale_set_extension",
      "name": "was_ama",
      "provider": "provider[\"registry.terraform.io/hashicorp/azurerm\"]",
      "instances": [
        {
          "schema_version": 0,
          "attributes": {
            "auto_upgrade_minor_version": true,
            "automatic_upgrade_enabled": false,
            "failure_suppression_enabled": false,
            "force_update_tag": "",
            "id": "/subscriptions/99b79efe-ebd6-468c-b39f-5669acb259e1/resourceGroups/04-t1-www-rg/providers/Microsoft.Compute/virtualMachineScaleSets/was-vmss/extensions/AzureMonitorLinuxAgent",
            "name": "AzureMonitorLinuxAgent",
            "protected_settings": null,
            "protected_settings_from_key_vault": [],
            "provision_after_extensions": null,
            "publisher": "Microsoft.Azure.Monitor",
            "settings": "",
            "timeouts": null,
            "type": "AzureMonitorLinuxAgent",
            "type_handler_version": "1.2",
            "virtual_machine_scale_set_id": "/subscriptions/99b79efe-ebd6-468c-b39f-5669acb259e1/resourceGroups/04-t1-www-rg/providers/Microsoft.Compute/virtualMachineScaleSets/was-vmss"
          },
          "sensitive_attributes": [
            [
              {
                "type": "get_attr",
                "value": "protected_settings"
              }
            ]
          ],
          "identity_schema_version": 0,
          "private": "eyJlMmJmYjczMC1lY2FhLTExZTYtOGY4OC0zNDM2M2JjN2M0YzAiOnsiY3JlYXRlIjoxODAwMDAwMDAwMDAwLCJkZWxldGUiOjE4MDAwMDAwMDAwMDAsInJlYWQiOjMwMDAwMDAwMDAwMCwidXBkYXRlIjoxODAwMDAwMDAwMDAwfX0=",
          "dependencies": [
            "azurerm_resource_group.rg",
            "module.compute.azurerm_linux_virtual_machine.mail_vm",
            "module.compute.azurerm_linux_virtual_machine_scale_set.was_vmss",
            "module.compute.azurerm_network_interface.mail_nic",
            "module.compute.azurerm_public_ip.mail_pip",
            "module.database.azurerm_mysql_flexible_server.www_mysql",
            "module.database.azurerm_mysql_flexible_server.www_replica",
            "module.database.azurerm_mysql_flexible_server.www_replica_2",
            "module.database.azurerm_redis_cache.www_redis",
            "module.database.random_string.mysql_suffix",
            "module.database.random_string.redis_suffix",
            "module.database.random_string.replica_suffix",
            "module.database.time_sleep.wait_for_primary",
            "module.identity.azurerm_user_assigned_identity.vmss_identity",
            "module.network_central.azurerm_lb.was_lb",
            "module.network_central.azurerm_lb_backend_address_pool.was_backend_pool",
            "module.network_central.azurerm_lb_probe.was_probe",
            "module.network_central.azurerm_subnet.subnets",
            "module.network_central.azurerm_virtual_network.vnet",
            "module.security.azurerm_application_insights.app_insights",
            "module.security.azurerm_key_vault.kv",
            "module.security.azurerm_log_analytics_workspace.law",
            "module.security.data.azurerm_client_config.current",
            "module.security.data.http.my_ip",
            "module.security.random_id.kv",
            "module.storage.azurerm_storage_account.www_sa",
            "module.storage.random_string.sa_suffix"
          ]
        }
      ]
    },
    {
      "module": "module.compute",
      "mode": "managed",
      "type": "random_string",
      "name": "aci_suffix",
      "provider": "provider[\"registry.terraform.io/hashicorp/random\"]",
      "instances": [
        {
          "schema_version": 2,
          "attributes": {
            "id": "3hu4ai",
            "keepers": null,
            "length": 6,
            "lower": true,
            "min_lower": 0,
            "min_numeric": 0,
            "min_special": 0,
            "min_upper": 0,
            "number": true,
            "numeric": true,
            "override_special": null,
            "result": "3hu4ai",
            "special": false,
            "upper": false
          },
          "sensitive_attributes": [],
          "identity_schema_version": 0
        }
      ]
    },
    {
      "module": "module.container_registry",
      "mode": "managed",
      "type": "azurerm_container_registry",
      "name": "main",
      "provider": "provider[\"registry.terraform.io/hashicorp/azurerm\"]",
      "instances": [
        {
          "schema_version": 2,
          "attributes": {
            "admin_enabled": false,
            "admin_password": "",
            "admin_username": "",
            "anonymous_pull_enabled": false,
            "data_endpoint_enabled": false,
            "data_endpoint_host_names": [
              "wwwacrttbj.koreacentral.data.azurecr.io"
            ],
            "encryption": [],
            "export_policy_enabled": true,
            "georeplications": [],
            "id": "/subscriptions/99b79efe-ebd6-468c-b39f-5669acb259e1/resourceGroups/04-t1-www-rg/providers/Microsoft.ContainerRegistry/registries/wwwacrttbj",
            "identity": [
              {
                "identity_ids": [],
                "principal_id": "e5bf4e0a-78b9-4172-afe0-ca6e428a585f",
                "tenant_id": "548e9ef4-b1d5-48fa-b220-59f52d6db511",
                "type": "SystemAssigned"
              }
            ],
            "location": "koreacentral",
            "login_server": "wwwacrttbj.azurecr.io",
            "name": "wwwacrttbj",
            "network_rule_bypass_option": "AzureServices",
            "network_rule_set": [
              {
                "default_action": "Deny",
                "ip_rule": [
                  {
                    "action": "Allow",
                    "ip_range": "211.227.107.208"
                  },
                  {
                    "action": "Allow",
                    "ip_range": "61.108.60.26"
                  }
                ]
              }
            ],
            "public_network_access_enabled": true,
            "quarantine_policy_enabled": false,
            "resource_group_name": "04-t1-www-rg",
            "retention_policy_in_days": 0,
            "sku": "Premium",
            "tags": {
              "Environment": "Production",
              "ManagedBy": "Terraform",
              "Purpose": "Container-Registry"
            },
            "timeouts": null,
            "trust_policy_enabled": false,
            "zone_redundancy_enabled": true
          },
          "sensitive_attributes": [
            [
              {
                "type": "get_attr",
                "value": "admin_password"
              }
            ]
          ],
          "identity_schema_version": 0,
          "private": "eyJlMmJmYjczMC1lY2FhLTExZTYtOGY4OC0zNDM2M2JjN2M0YzAiOnsiY3JlYXRlIjoxODAwMDAwMDAwMDAwLCJkZWxldGUiOjE4MDAwMDAwMDAwMDAsInJlYWQiOjMwMDAwMDAwMDAwMCwidXBkYXRlIjoxODAwMDAwMDAwMDAwfSwic2NoZW1hX3ZlcnNpb24iOiIyIn0=",
          "dependencies": [
            "azurerm_resource_group.rg",
            "module.container_registry.random_string.acr_suffix"
          ]
        }
      ]
    },
    {
      "module": "module.container_registry",
      "mode": "managed",
      "type": "azurerm_private_endpoint",
      "name": "acr",
      "provider": "provider[\"registry.terraform.io/hashicorp/azurerm\"]",
      "instances": [
        {
          "schema_version": 0,
          "attributes": {
            "custom_dns_configs": [
              {
                "fqdn": "wwwacrttbj.koreacentral.data.azurecr.io",
                "ip_addresses": [
                  "192.168.2.4"
                ]
              },
              {
                "fqdn": "wwwacrttbj.azurecr.io",
                "ip_addresses": [
                  "192.168.2.5"
                ]
              }
            ],
            "custom_network_interface_name": "",
            "id": "/subscriptions/99b79efe-ebd6-468c-b39f-5669acb259e1/resourceGroups/04-t1-www-rg/providers/Microsoft.Network/privateEndpoints/acr-private-endpoint",
            "ip_configuration": [],
            "location": "koreacentral",
            "name": "acr-private-endpoint",
            "network_interface": [
              {
                "id": "/subscriptions/99b79efe-ebd6-468c-b39f-5669acb259e1/resourceGroups/04-t1-www-rg/providers/Microsoft.Network/networkInterfaces/acr-private-endpoint.nic.088880ca-e610-48db-b694-d8d22efff99b",
                "name": "acr-private-endpoint.nic.088880ca-e610-48db-b694-d8d22efff99b"
              }
            ],
            "private_dns_zone_configs": [],
            "private_dns_zone_group": [],
            "private_service_connection": [
              {
                "is_manual_connection": false,
                "name": "acr-privatelink",
                "private_connection_resource_alias": "",
                "private_connection_resource_id": "/subscriptions/99b79efe-ebd6-468c-b39f-5669acb259e1/resourceGroups/04-t1-www-rg/providers/Microsoft.ContainerRegistry/registries/wwwacrttbj",
                "private_ip_address": "192.168.2.4",
                "request_message": "",
                "subresource_names": [
                  "registry"
                ]
              }
            ],
            "resource_group_name": "04-t1-www-rg",
            "subnet_id": "/subscriptions/99b79efe-ebd6-468c-b39f-5669acb259e1/resourceGroups/04-t1-www-rg/providers/Microsoft.Network/virtualNetworks/vnet0/subnets/www-web",
            "tags": {},
            "timeouts": null
          },
          "sensitive_attributes": [],
          "identity_schema_version": 0,
          "identity": {
            "name": "acr-private-endpoint",
            "resource_group_name": "04-t1-www-rg",
            "subscription_id": "99b79efe-ebd6-468c-b39f-5669acb259e1"
          },
          "private": "eyJlMmJmYjczMC1lY2FhLTExZTYtOGY4OC0zNDM2M2JjN2M0YzAiOnsiY3JlYXRlIjozNjAwMDAwMDAwMDAwLCJkZWxldGUiOjM2MDAwMDAwMDAwMDAsInJlYWQiOjMwMDAwMDAwMDAwMCwidXBkYXRlIjozNjAwMDAwMDAwMDAwfX0=",
          "dependencies": [
            "azurerm_resource_group.rg",
            "module.container_registry.azurerm_container_registry.main",
            "module.container_registry.random_string.acr_suffix",
            "module.network_central.azurerm_subnet.subnets",
            "module.network_central.azurerm_virtual_network.vnet"
          ]
        }
      ]
    },
    {
      "module": "module.container_registry",
      "mode": "managed",
      "type": "random_string",
      "name": "acr_suffix",
      "provider": "provider[\"registry.terraform.io/hashicorp/random\"]",
      "instances": [
        {
          "schema_version": 2,
          "attributes": {
            "id": "ttbj",
            "keepers": null,
            "length": 4,
            "lower": true,
            "min_lower": 0,
            "min_numeric": 0,
            "min_special": 0,
            "min_upper": 0,
            "number": true,
            "numeric": true,
            "override_special": null,
            "result": "ttbj",
            "special": false,
            "upper": false
          },
          "sensitive_attributes": [],
          "identity_schema_version": 0
        }
      ]
    },
    {
      "module": "module.database",
      "mode": "managed",
      "type": "azurerm_cosmosdb_account",
      "name": "cosmos",
      "provider": "provider[\"registry.terraform.io/hashicorp/azurerm\"]",
      "instances": [
        {
          "schema_version": 1,
          "attributes": {
            "access_key_metadata_writes_enabled": true,
            "analytical_storage": [
              {
                "schema_type": "WellDefined"
              }
            ],
            "analytical_storage_enabled": false,
            "automatic_failover_enabled": true,
            "backup": [
              {
                "interval_in_minutes": 240,
                "retention_in_hours": 720,
                "storage_redundancy": "Geo",
                "tier": "",
                "type": "Periodic"
              }
            ],
            "burst_capacity_enabled": false,
            "capabilities": [],
            "capacity": [],
            "consistency_policy": [
              {
                "consistency_level": "Session",
                "max_interval_in_seconds": 5,
                "max_staleness_prefix": 100
              }
            ],
            "cors_rule": [],
            "create_mode": "",
            "default_identity_type": "FirstPartyIdentity",
            "endpoint": "https://www-cosmos-2xdyi8.documents.azure.com:443/",
            "free_tier_enabled": false,
            "geo_location": [
              {
                "failover_priority": 0,
                "id": "www-cosmos-2xdyi8-koreacentral",
                "location": "koreacentral",
                "zone_redundant": true
              }
            ],
            "id": "/subscriptions/99b79efe-ebd6-468c-b39f-5669acb259e1/resourceGroups/04-t1-www-rg/providers/Microsoft.DocumentDB/databaseAccounts/www-cosmos-2xdyi8",
            "identity": [],
            "ip_range_filter": [],
            "is_virtual_network_filter_enabled": false,
            "key_vault_key_id": null,
            "kind": "GlobalDocumentDB",
            "local_authentication_disabled": false,
            "location": "koreacentral",
            "managed_hsm_key_id": null,
            "minimal_tls_version": "Tls12",
            "mongo_server_version": null,
            "multiple_write_locations_enabled": false,
            "name": "www-cosmos-2xdyi8",
            "network_acl_bypass_for_azure_services": true,
            "network_acl_bypass_ids": [],
            "offer_type": "Standard",
            "partition_merge_enabled": false,
            "primary_key": "IP56ega0lB7Z8xszqi2uVepJMuAdBNaA3DJ58T6vu5gqu6C1fYcosXHL8xzxgp8Yw9V6TcKaFyD3ACDbxTMFwg==",
            "primary_mongodb_connection_string": null,
            "primary_readonly_key": "MTdQCjcwpbT4WwxilexvcNhbkpkIgYjDhDAUES2650XoTAslUdellXoyJZ858N6U93MnsLA1CdWeACDbuKvfvA==",
            "primary_readonly_mongodb_connection_string": null,
            "primary_readonly_sql_connection_string": "AccountEndpoint=https://www-cosmos-2xdyi8.documents.azure.com:443/;AccountKey=MTdQCjcwpbT4WwxilexvcNhbkpkIgYjDhDAUES2650XoTAslUdellXoyJZ858N6U93MnsLA1CdWeACDbuKvfvA==;",
            "primary_sql_connection_string": "AccountEndpoint=https://www-cosmos-2xdyi8.documents.azure.com:443/;AccountKey=IP56ega0lB7Z8xszqi2uVepJMuAdBNaA3DJ58T6vu5gqu6C1fYcosXHL8xzxgp8Yw9V6TcKaFyD3ACDbxTMFwg==;",
            "public_network_access_enabled": true,
            "read_endpoints": [
              "https://www-cosmos-2xdyi8-koreacentral.documents.azure.com:443/"
            ],
            "resource_group_name": "04-t1-www-rg",
            "restore": [],
            "secondary_key": "YkBPSH9vNFPZUH9tjVAOrT54gDg9rizrN3kJemrqlFL8cEiLruNqJIsmvNfXJMkbzaCKOGcn9GBQACDbIZN3PQ==",
            "secondary_mongodb_connection_string": null,
            "secondary_readonly_key": "C8bBINTqHwYxvNMBQciCu0lNG97gRdJE3I7VJW6blD1LRuY2MZvdo7uN17OlCwAOTBwl1Hf1DNx1ACDbpSU8YA==",
            "secondary_readonly_mongodb_connection_string": null,
            "secondary_readonly_sql_connection_string": "AccountEndpoint=https://www-cosmos-2xdyi8.documents.azure.com:443/;AccountKey=C8bBINTqHwYxvNMBQciCu0lNG97gRdJE3I7VJW6blD1LRuY2MZvdo7uN17OlCwAOTBwl1Hf1DNx1ACDbpSU8YA==;",
            "secondary_sql_connection_string": "AccountEndpoint=https://www-cosmos-2xdyi8.documents.azure.com:443/;AccountKey=YkBPSH9vNFPZUH9tjVAOrT54gDg9rizrN3kJemrqlFL8cEiLruNqJIsmvNfXJMkbzaCKOGcn9GBQACDbIZN3PQ==;",
            "tags": {
              "Environment": "Production",
              "ManagedBy": "Terraform",
              "Purpose": "Cosmos-DB"
            },
            "timeouts": null,
            "virtual_network_rule": [],
            "write_endpoints": [
              "https://www-cosmos-2xdyi8-koreacentral.documents.azure.com:443/"
            ]
          },
          "sensitive_attributes": [
            [
              {
                "type": "get_attr",
                "value": "primary_key"
              }
            ],
            [
              {
                "type": "get_attr",
                "value": "primary_mongodb_connection_string"
              }
            ],
            [
              {
                "type": "get_attr",
                "value": "primary_readonly_key"
              }
            ],
            [
              {
                "type": "get_attr",
                "value": "primary_readonly_mongodb_connection_string"
              }
            ],
            [
              {
                "type": "get_attr",
                "value": "primary_readonly_sql_connection_string"
              }
            ],
            [
              {
                "type": "get_attr",
                "value": "primary_sql_connection_string"
              }
            ],
            [
              {
                "type": "get_attr",
                "value": "secondary_key"
              }
            ],
            [
              {
                "type": "get_attr",
                "value": "secondary_mongodb_connection_string"
              }
            ],
            [
              {
                "type": "get_attr",
                "value": "secondary_readonly_key"
              }
            ],
            [
              {
                "type": "get_attr",
                "value": "secondary_readonly_mongodb_connection_string"
              }
            ],
            [
              {
                "type": "get_attr",
                "value": "secondary_readonly_sql_connection_string"
              }
            ],
            [
              {
                "type": "get_attr",
                "value": "secondary_sql_connection_string"
              }
            ]
          ],
          "identity_schema_version": 0,
          "private": "eyJlMmJmYjczMC1lY2FhLTExZTYtOGY4OC0zNDM2M2JjN2M0YzAiOnsiY3JlYXRlIjoxMDgwMDAwMDAwMDAwMCwiZGVsZXRlIjoxMDgwMDAwMDAwMDAwMCwicmVhZCI6MzAwMDAwMDAwMDAwLCJ1cGRhdGUiOjEwODAwMDAwMDAwMDAwfSwic2NoZW1hX3ZlcnNpb24iOiIxIn0=",
          "dependencies": [
            "azurerm_resource_group.rg",
            "module.database.random_string.cosmos_suffix"
          ]
        }
      ]
    },
    {
      "module": "module.database",
      "mode": "managed",
      "type": "azurerm_cosmosdb_sql_container",
      "name": "example",
      "provider": "provider[\"registry.terraform.io/hashicorp/azurerm\"]",
      "instances": [
        {
          "schema_version": 1,
          "attributes": {
            "account_name": "www-cosmos-2xdyi8",
            "analytical_storage_ttl": null,
            "autoscale_settings": [
              {
                "max_throughput": 4000
              }
            ],
            "conflict_resolution_policy": [
              {
                "conflict_resolution_path": "/_ts",
                "conflict_resolution_procedure": "",
                "mode": "LastWriterWins"
              }
            ],
            "database_name": "www-sql-db",
            "default_ttl": -1,
            "id": "/subscriptions/99b79efe-ebd6-468c-b39f-5669acb259e1/resourceGroups/04-t1-www-rg/providers/Microsoft.DocumentDB/databaseAccounts/www-cosmos-2xdyi8/sqlDatabases/www-sql-db/containers/Items",
            "indexing_policy": [
              {
                "composite_index": [
                  {
                    "index": [
                      {
                        "order": "ascending",
                        "path": "/createdAt"
                      },
                      {
                        "order": "ascending",
                        "path": "/status"
                      }
                    ]
                  }
                ],
                "excluded_path": [
                  {
                    "path": "/_etag/?"
                  }
                ],
                "included_path": [
                  {
                    "path": "/*"
                  }
                ],
                "indexing_mode": "consistent",
                "spatial_index": [
                  {
                    "path": "/location/*",
                    "types": [
                      "LineString",
                      "MultiPolygon",
                      "Point",
                      "Polygon"
                    ]
                  }
                ]
              }
            ],
            "name": "Items",
            "partition_key_kind": "Hash",
            "partition_key_paths": [
              "/definition/id"
            ],
            "partition_key_version": null,
            "resource_group_name": "04-t1-www-rg",
            "throughput": 400,
            "timeouts": null,
            "unique_key": [
              {
                "paths": [
                  "/email"
                ]
              }
            ]
          },
          "sensitive_attributes": [],
          "identity_schema_version": 0,
          "private": "eyJlMmJmYjczMC1lY2FhLTExZTYtOGY4OC0zNDM2M2JjN2M0YzAiOnsiY3JlYXRlIjoxODAwMDAwMDAwMDAwLCJkZWxldGUiOjE4MDAwMDAwMDAwMDAsInJlYWQiOjMwMDAwMDAwMDAwMCwidXBkYXRlIjoxODAwMDAwMDAwMDAwfSwic2NoZW1hX3ZlcnNpb24iOiIxIn0=",
          "dependencies": [
            "azurerm_resource_group.rg",
            "module.database.azurerm_cosmosdb_account.cosmos",
            "module.database.azurerm_cosmosdb_sql_database.main",
            "module.database.random_string.cosmos_suffix"
          ]
        }
      ]
    },
    {
      "module": "module.database",
      "mode": "managed",
      "type": "azurerm_cosmosdb_sql_database",
      "name": "main",
      "provider": "provider[\"registry.terraform.io/hashicorp/azurerm\"]",
      "instances": [
        {
          "schema_version": 1,
          "attributes": {
            "account_name": "www-cosmos-2xdyi8",
            "autoscale_settings": [],
            "id": "/subscriptions/99b79efe-ebd6-468c-b39f-5669acb259e1/resourceGroups/04-t1-www-rg/providers/Microsoft.DocumentDB/databaseAccounts/www-cosmos-2xdyi8/sqlDatabases/www-sql-db",
            "name": "www-sql-db",
            "resource_group_name": "04-t1-www-rg",
            "throughput": 0,
            "timeouts": null
          },
          "sensitive_attributes": [],
          "identity_schema_version": 0,
          "private": "eyJlMmJmYjczMC1lY2FhLTExZTYtOGY4OC0zNDM2M2JjN2M0YzAiOnsiY3JlYXRlIjoxODAwMDAwMDAwMDAwLCJkZWxldGUiOjE4MDAwMDAwMDAwMDAsInJlYWQiOjMwMDAwMDAwMDAwMCwidXBkYXRlIjoxODAwMDAwMDAwMDAwfSwic2NoZW1hX3ZlcnNpb24iOiIxIn0=",
          "dependencies": [
            "azurerm_resource_group.rg",
            "module.database.azurerm_cosmosdb_account.cosmos",
            "module.database.random_string.cosmos_suffix"
          ]
        }
      ]
    },
    {
      "module": "module.database",
      "mode": "managed",
      "type": "azurerm_data_factory",
      "name": "www_adf",
      "provider": "provider[\"registry.terraform.io/hashicorp/azurerm\"]",
      "instances": [
        {
          "schema_version": 2,
          "attributes": {
            "customer_managed_key_id": "",
            "customer_managed_key_identity_id": "",
            "github_configuration": [],
            "global_parameter": [],
            "id": "/subscriptions/99b79efe-ebd6-468c-b39f-5669acb259e1/resourceGroups/04-t1-www-rg/providers/Microsoft.DataFactory/factories/www-adf-1vfx",
            "identity": [
              {
                "identity_ids": [],
                "principal_id": "ab9f7fad-1eb1-4b87-bff5-a6d1f156f1dd",
                "tenant_id": "548e9ef4-b1d5-48fa-b220-59f52d6db511",
                "type": "SystemAssigned"
              }
            ],
            "location": "koreacentral",
            "managed_virtual_network_enabled": true,
            "name": "www-adf-1vfx",
            "public_network_enabled": true,
            "purview_id": "",
            "resource_group_name": "04-t1-www-rg",
            "tags": {
              "purpose": "MySQL Backup Pipeline"
            },
            "timeouts": null,
            "vsts_configuration": []
          },
          "sensitive_attributes": [],
          "identity_schema_version": 0,
          "private": "eyJlMmJmYjczMC1lY2FhLTExZTYtOGY4OC0zNDM2M2JjN2M0YzAiOnsiY3JlYXRlIjoxODAwMDAwMDAwMDAwLCJkZWxldGUiOjE4MDAwMDAwMDAwMDAsInJlYWQiOjMwMDAwMDAwMDAwMCwidXBkYXRlIjoxODAwMDAwMDAwMDAwfSwic2NoZW1hX3ZlcnNpb24iOiIyIn0=",
          "dependencies": [
            "azurerm_resource_group.rg",
            "module.database.random_string.adf_suffix"
          ]
        }
      ]
    },
    {
      "module": "module.database",
      "mode": "managed",
      "type": "azurerm_data_factory_dataset_delimited_text",
      "name": "blob_dataset",
      "provider": "provider[\"registry.terraform.io/hashicorp/azurerm\"]",
      "instances": [
        {
          "schema_version": 0,
          "attributes": {
            "additional_properties": {},
            "annotations": [],
            "azure_blob_fs_location": [],
            "azure_blob_storage_location": [
              {
                "container": "mysql-backups",
                "dynamic_container_enabled": false,
                "dynamic_filename_enabled": false,
                "dynamic_path_enabled": false,
                "filename": "backup.csv",
                "path": ""
              }
            ],
            "column_delimiter": ",",
            "compression_codec": null,
            "compression_level": null,
            "data_factory_id": "/subscriptions/99b79efe-ebd6-468c-b39f-5669acb259e1/resourceGroups/04-t1-www-rg/providers/Microsoft.DataFactory/factories/www-adf-1vfx",
            "description": "",
            "encoding": "UTF-8",
            "escape_character": "\\",
            "first_row_as_header": true,
            "folder": null,
            "http_server_location": [],
            "id": "/subscriptions/99b79efe-ebd6-468c-b39f-5669acb259e1/resourceGroups/04-t1-www-rg/providers/Microsoft.DataFactory/factories/www-adf-1vfx/datasets/BlobBackupDataset",
            "linked_service_name": "BlobStorageDestination",
            "name": "BlobBackupDataset",
            "null_value": "",
            "parameters": {},
            "quote_character": "\"",
            "row_delimiter": "\n",
            "schema_column": [],
            "timeouts": null
          },
          "sensitive_attributes": [],
          "identity_schema_version": 0,
          "private": "eyJlMmJmYjczMC1lY2FhLTExZTYtOGY4OC0zNDM2M2JjN2M0YzAiOnsiY3JlYXRlIjoxODAwMDAwMDAwMDAwLCJkZWxldGUiOjE4MDAwMDAwMDAwMDAsInJlYWQiOjMwMDAwMDAwMDAwMCwidXBkYXRlIjoxODAwMDAwMDAwMDAwfX0=",
          "dependencies": [
            "azurerm_resource_group.rg",
            "module.database.azurerm_data_factory.www_adf",
            "module.database.azurerm_data_factory_linked_service_azure_blob_storage.blob_dest",
            "module.database.random_string.adf_suffix",
            "module.network_central.azurerm_subnet.subnets",
            "module.network_central.azurerm_virtual_network.vnet",
            "module.storage.azurerm_storage_account.www_sa",
            "module.storage.random_string.sa_suffix"
          ]
        }
      ]
    },
    {
      "module": "module.database",
      "mode": "managed",
      "type": "azurerm_data_factory_dataset_mysql",
      "name": "mysql_dataset",
      "provider": "provider[\"registry.terraform.io/hashicorp/azurerm\"]",
      "instances": [
        {
          "schema_version": 0,
          "attributes": {
            "additional_properties": {},
            "annotations": [],
            "data_factory_id": "/subscriptions/99b79efe-ebd6-468c-b39f-5669acb259e1/resourceGroups/04-t1-www-rg/providers/Microsoft.DataFactory/factories/www-adf-1vfx",
            "description": "",
            "folder": null,
            "id": "/subscriptions/99b79efe-ebd6-468c-b39f-5669acb259e1/resourceGroups/04-t1-www-rg/providers/Microsoft.DataFactory/factories/www-adf-1vfx/datasets/MySQLDataset",
            "linked_service_name": "MySQLSource",
            "name": "MySQLDataset",
            "parameters": {},
            "schema_column": [],
            "table_name": "",
            "timeouts": null
          },
          "sensitive_attributes": [],
          "identity_schema_version": 0,
          "private": "eyJlMmJmYjczMC1lY2FhLTExZTYtOGY4OC0zNDM2M2JjN2M0YzAiOnsiY3JlYXRlIjoxODAwMDAwMDAwMDAwLCJkZWxldGUiOjE4MDAwMDAwMDAwMDAsInJlYWQiOjMwMDAwMDAwMDAwMCwidXBkYXRlIjoxODAwMDAwMDAwMDAwfX0=",
          "dependencies": [
            "azurerm_resource_group.rg",
            "module.database.azurerm_data_factory.www_adf",
            "module.database.azurerm_data_factory_linked_custom_service.mysql_source",
            "module.database.azurerm_mysql_flexible_server.www_mysql",
            "module.database.random_string.adf_suffix",
            "module.database.random_string.mysql_suffix"
          ]
        }
      ]
    },
    {
      "module": "module.database",
      "mode": "managed",
      "type": "azurerm_data_factory_linked_custom_service",
      "name": "mysql_source",
      "provider": "provider[\"registry.terraform.io/hashicorp/azurerm\"]",
      "instances": [
        {
          "schema_version": 0,
          "attributes": {
            "additional_properties": {},
            "annotations": [],
            "data_factory_id": "/subscriptions/99b79efe-ebd6-468c-b39f-5669acb259e1/resourceGroups/04-t1-www-rg/providers/Microsoft.DataFactory/factories/www-adf-1vfx",
            "description": "",
            "id": "/subscriptions/99b79efe-ebd6-468c-b39f-5669acb259e1/resourceGroups/04-t1-www-rg/providers/Microsoft.DataFactory/factories/www-adf-1vfx/linkedservices/MySQLSource",
            "integration_runtime": [],
            "name": "MySQLSource",
            "parameters": {},
            "timeouts": null,
            "type": "AzureMySql",
            "type_properties_json": "{\"connectionString\":\"Server=www-mysql-server-d5gm.mysql.database.azure.com;Port=3306;Database=www_sql;Uid=www;Pwd=It12345!;SslMode=Required;\"}"
          },
          "sensitive_attributes": [
            [
              {
                "type": "get_attr",
                "value": "type_properties_json"
              }
            ]
          ],
          "identity_schema_version": 0,
          "private": "eyJlMmJmYjczMC1lY2FhLTExZTYtOGY4OC0zNDM2M2JjN2M0YzAiOnsiY3JlYXRlIjoxODAwMDAwMDAwMDAwLCJkZWxldGUiOjE4MDAwMDAwMDAwMDAsInJlYWQiOjMwMDAwMDAwMDAwMCwidXBkYXRlIjoxODAwMDAwMDAwMDAwfX0=",
          "dependencies": [
            "azurerm_resource_group.rg",
            "module.database.azurerm_data_factory.www_adf",
            "module.database.azurerm_mysql_flexible_server.www_mysql",
            "module.database.random_string.adf_suffix",
            "module.database.random_string.mysql_suffix"
          ]
        }
      ]
    },
    {
      "module": "module.database",
      "mode": "managed",
      "type": "azurerm_data_factory_linked_service_azure_blob_storage",
      "name": "blob_dest",
      "provider": "provider[\"registry.terraform.io/hashicorp/azurerm\"]",
      "instances": [
        {
          "schema_version": 0,
          "attributes": {
            "additional_properties": {},
            "annotations": [],
            "connection_string": "DefaultEndpointsProtocol=https;AccountName=wwwstoragetre0;AccountKey=iMzhfq6UW8apb2KP+u+x8xM034avtIngIiCuEUCxJO8inpf0FV4HXSsts0SEVYwM/eoYz7kqxBHv+AStFVYVkw==;EndpointSuffix=core.windows.net",
            "connection_string_insecure": null,
            "data_factory_id": "/subscriptions/99b79efe-ebd6-468c-b39f-5669acb259e1/resourceGroups/04-t1-www-rg/providers/Microsoft.DataFactory/factories/www-adf-1vfx",
            "description": "",
            "id": "/subscriptions/99b79efe-ebd6-468c-b39f-5669acb259e1/resourceGroups/04-t1-www-rg/providers/Microsoft.DataFactory/factories/www-adf-1vfx/linkedservices/BlobStorageDestination",
            "integration_runtime_name": null,
            "key_vault_sas_token": [],
            "name": "BlobStorageDestination",
            "parameters": {},
            "sas_uri": null,
            "service_endpoint": null,
            "service_principal_id": "",
            "service_principal_key": null,
            "service_principal_linked_key_vault_key": [],
            "storage_kind": "",
            "tenant_id": "",
            "timeouts": null,
            "use_managed_identity": false
          },
          "sensitive_attributes": [
            [
              {
                "type": "get_attr",
                "value": "connection_string"
              }
            ],
            [
              {
                "type": "get_attr",
                "value": "sas_uri"
              }
            ],
            [
              {
                "type": "get_attr",
                "value": "service_endpoint"
              }
            ]
          ],
          "identity_schema_version": 0,
          "private": "eyJlMmJmYjczMC1lY2FhLTExZTYtOGY4OC0zNDM2M2JjN2M0YzAiOnsiY3JlYXRlIjoxODAwMDAwMDAwMDAwLCJkZWxldGUiOjE4MDAwMDAwMDAwMDAsInJlYWQiOjMwMDAwMDAwMDAwMCwidXBkYXRlIjoxODAwMDAwMDAwMDAwfX0=",
          "dependencies": [
            "azurerm_resource_group.rg",
            "module.database.azurerm_data_factory.www_adf",
            "module.database.random_string.adf_suffix",
            "module.network_central.azurerm_subnet.subnets",
            "module.network_central.azurerm_virtual_network.vnet",
            "module.storage.azurerm_storage_account.www_sa",
            "module.storage.random_string.sa_suffix"
          ]
        }
      ]
    },
    {
      "module": "module.database",
      "mode": "managed",
      "type": "azurerm_data_factory_pipeline",
      "name": "mysql_backup",
      "provider": "provider[\"registry.terraform.io/hashicorp/azurerm\"]",
      "instances": [
        {
          "schema_version": 0,
          "attributes": {
            "activities_json": "[{\"inputs\":[{\"referenceName\":\"MySQLDataset\",\"type\":\"DatasetReference\"}],\"name\":\"CopyMySQLToBlob\",\"outputs\":[{\"referenceName\":\"BlobBackupDataset\",\"type\":\"DatasetReference\"}],\"type\":\"Copy\",\"typeProperties\":{\"enableStaging\":false,\"sink\":{\"storeSettings\":{\"Type\":\"\",\"Values\":null},\"type\":\"DelimitedTextSink\"},\"source\":{\"query\":\"SELECT * FROM information_schema.tables\",\"type\":\"MySqlSource\"}}}]",
            "annotations": [],
            "concurrency": 0,
            "data_factory_id": "/subscriptions/99b79efe-ebd6-468c-b39f-5669acb259e1/resourceGroups/04-t1-www-rg/providers/Microsoft.DataFactory/factories/www-adf-1vfx",
            "description": "Daily MySQL backup to Blob Storage",
            "folder": null,
            "id": "/subscriptions/99b79efe-ebd6-468c-b39f-5669acb259e1/resourceGroups/04-t1-www-rg/providers/Microsoft.DataFactory/factories/www-adf-1vfx/pipelines/MySQLDailyBackup",
            "moniter_metrics_after_duration": "",
            "name": "MySQLDailyBackup",
            "parameters": {},
            "timeouts": null,
            "variables": {}
          },
          "sensitive_attributes": [],
          "identity_schema_version": 0,
          "private": "eyJlMmJmYjczMC1lY2FhLTExZTYtOGY4OC0zNDM2M2JjN2M0YzAiOnsiY3JlYXRlIjoxODAwMDAwMDAwMDAwLCJkZWxldGUiOjE4MDAwMDAwMDAwMDAsInJlYWQiOjMwMDAwMDAwMDAwMCwidXBkYXRlIjoxODAwMDAwMDAwMDAwfX0=",
          "dependencies": [
            "azurerm_resource_group.rg",
            "module.database.azurerm_data_factory.www_adf",
            "module.database.azurerm_data_factory_dataset_delimited_text.blob_dataset",
            "module.database.azurerm_data_factory_dataset_mysql.mysql_dataset",
            "module.database.azurerm_data_factory_linked_custom_service.mysql_source",
            "module.database.azurerm_data_factory_linked_service_azure_blob_storage.blob_dest",
            "module.database.azurerm_mysql_flexible_server.www_mysql",
            "module.database.random_string.adf_suffix",
            "module.database.random_string.mysql_suffix",
            "module.network_central.azurerm_subnet.subnets",
            "module.network_central.azurerm_virtual_network.vnet",
            "module.storage.azurerm_storage_account.www_sa",
            "module.storage.random_string.sa_suffix"
          ]
        }
      ]
    },
    {
      "module": "module.database",
      "mode": "managed",
      "type": "azurerm_data_factory_trigger_schedule",
      "name": "daily_backup_trigger",
      "provider": "provider[\"registry.terraform.io/hashicorp/azurerm\"]",
      "instances": [
        {
          "schema_version": 0,
          "attributes": {
            "activated": true,
            "annotations": [],
            "data_factory_id": "/subscriptions/99b79efe-ebd6-468c-b39f-5669acb259e1/resourceGroups/04-t1-www-rg/providers/Microsoft.DataFactory/factories/www-adf-1vfx",
            "description": "",
            "end_time": null,
            "frequency": "Day",
            "id": "/subscriptions/99b79efe-ebd6-468c-b39f-5669acb259e1/resourceGroups/04-t1-www-rg/providers/Microsoft.DataFactory/factories/www-adf-1vfx/triggers/DailyBackupTrigger",
            "interval": 1,
            "name": "DailyBackupTrigger",
            "pipeline": [
              {
                "name": "MySQLDailyBackup",
                "parameters": {}
              }
            ],
            "pipeline_name": "MySQLDailyBackup",
            "pipeline_parameters": {},
            "schedule": [
              {
                "days_of_month": [],
                "days_of_week": [],
                "hours": [
                  2
                ],
                "minutes": [
                  0
                ],
                "monthly": []
              }
            ],
            "start_time": "2025-11-25T02:00:00Z",
            "time_zone": "",
            "timeouts": null
          },
          "sensitive_attributes": [],
          "identity_schema_version": 0,
          "private": "eyJlMmJmYjczMC1lY2FhLTExZTYtOGY4OC0zNDM2M2JjN2M0YzAiOnsiY3JlYXRlIjoxODAwMDAwMDAwMDAwLCJkZWxldGUiOjE4MDAwMDAwMDAwMDAsInJlYWQiOjMwMDAwMDAwMDAwMCwidXBkYXRlIjoxODAwMDAwMDAwMDAwfX0=",
          "dependencies": [
            "azurerm_resource_group.rg",
            "module.database.azurerm_data_factory.www_adf",
            "module.database.azurerm_data_factory_dataset_delimited_text.blob_dataset",
            "module.database.azurerm_data_factory_dataset_mysql.mysql_dataset",
            "module.database.azurerm_data_factory_linked_custom_service.mysql_source",
            "module.database.azurerm_data_factory_linked_service_azure_blob_storage.blob_dest",
            "module.database.azurerm_data_factory_pipeline.mysql_backup",
            "module.database.azurerm_mysql_flexible_server.www_mysql",
            "module.database.random_string.adf_suffix",
            "module.database.random_string.mysql_suffix",
            "module.network_central.azurerm_subnet.subnets",
            "module.network_central.azurerm_virtual_network.vnet",
            "module.storage.azurerm_storage_account.www_sa",
            "module.storage.random_string.sa_suffix"
          ]
        }
      ]
    },
    {
      "module": "module.database",
      "mode": "managed",
      "type": "azurerm_monitor_diagnostic_setting",
      "name": "mysql_audit",
      "provider": "provider[\"registry.terraform.io/hashicorp/azurerm\"]",
      "instances": [
        {
          "schema_version": 0,
          "attributes": {
            "enabled_log": [
              {
                "category": "MySqlAuditLogs",
                "category_group": "",
                "retention_policy": [
                  {
                    "days": 0,
                    "enabled": false
                  }
                ]
              },
              {
                "category": "MySqlSlowLogs",
                "category_group": "",
                "retention_policy": [
                  {
                    "days": 0,
                    "enabled": false
                  }
                ]
              }
            ],
            "enabled_metric": [
              {
                "category": "AllMetrics"
              }
            ],
            "eventhub_authorization_rule_id": "",
            "eventhub_name": "",
            "id": "/subscriptions/99b79efe-ebd6-468c-b39f-5669acb259e1/resourceGroups/04-t1-www-rg/providers/Microsoft.DBforMySQL/flexibleServers/www-mysql-server-d5gm|mysql-audit-logs",
            "log_analytics_destination_type": "AzureDiagnostics",
            "log_analytics_workspace_id": "/subscriptions/99b79efe-ebd6-468c-b39f-5669acb259e1/resourceGroups/04-t1-www-rg/providers/Microsoft.OperationalInsights/workspaces/www-law",
            "metric": [
              {
                "category": "AllMetrics",
                "enabled": true,
                "retention_policy": [
                  {
                    "days": 0,
                    "enabled": false
                  }
                ]
              }
            ],
            "name": "mysql-audit-logs",
            "partner_solution_id": null,
            "storage_account_id": null,
            "target_resource_id": "/subscriptions/99b79efe-ebd6-468c-b39f-5669acb259e1/resourceGroups/04-t1-www-rg/providers/Microsoft.DBforMySQL/flexibleServers/www-mysql-server-d5gm",
            "timeouts": null
          },
          "sensitive_attributes": [],
          "identity_schema_version": 0,
          "private": "eyJlMmJmYjczMC1lY2FhLTExZTYtOGY4OC0zNDM2M2JjN2M0YzAiOnsiY3JlYXRlIjoxODAwMDAwMDAwMDAwLCJkZWxldGUiOjM2MDAwMDAwMDAwMDAsInJlYWQiOjMwMDAwMDAwMDAwMCwidXBkYXRlIjoxODAwMDAwMDAwMDAwfX0=",
          "dependencies": [
            "azurerm_resource_group.rg",
            "module.database.azurerm_mysql_flexible_server.www_mysql",
            "module.database.random_string.mysql_suffix",
            "module.security.azurerm_log_analytics_workspace.law"
          ]
        }
      ]
    },
    {
      "module": "module.database",
      "mode": "managed",
      "type": "azurerm_monitor_diagnostic_setting",
      "name": "redis_diag",
      "provider": "provider[\"registry.terraform.io/hashicorp/azurerm\"]",
      "instances": [
        {
          "schema_version": 0,
          "attributes": {
            "enabled_log": [],
            "enabled_metric": [
              {
                "category": "AllMetrics"
              }
            ],
            "eventhub_authorization_rule_id": "",
            "eventhub_name": "",
            "id": "/subscriptions/99b79efe-ebd6-468c-b39f-5669acb259e1/resourceGroups/04-t1-www-rg/providers/Microsoft.Cache/redis/www-redis-cache-iw0l|redis-diag",
            "log_analytics_destination_type": "",
            "log_analytics_workspace_id": "/subscriptions/99b79efe-ebd6-468c-b39f-5669acb259e1/resourceGroups/04-t1-www-rg/providers/Microsoft.OperationalInsights/workspaces/www-law",
            "metric": [
              {
                "category": "AllMetrics",
                "enabled": true,
                "retention_policy": [
                  {
                    "days": 0,
                    "enabled": false
                  }
                ]
              }
            ],
            "name": "redis-diag",
            "partner_solution_id": null,
            "storage_account_id": null,
            "target_resource_id": "/subscriptions/99b79efe-ebd6-468c-b39f-5669acb259e1/resourceGroups/04-t1-www-rg/providers/Microsoft.Cache/redis/www-redis-cache-iw0l",
            "timeouts": null
          },
          "sensitive_attributes": [],
          "identity_schema_version": 0,
          "private": "eyJlMmJmYjczMC1lY2FhLTExZTYtOGY4OC0zNDM2M2JjN2M0YzAiOnsiY3JlYXRlIjoxODAwMDAwMDAwMDAwLCJkZWxldGUiOjM2MDAwMDAwMDAwMDAsInJlYWQiOjMwMDAwMDAwMDAwMCwidXBkYXRlIjoxODAwMDAwMDAwMDAwfX0=",
          "dependencies": [
            "azurerm_resource_group.rg",
            "module.database.azurerm_redis_cache.www_redis",
            "module.database.random_string.redis_suffix",
            "module.network_central.azurerm_subnet.subnets",
            "module.network_central.azurerm_virtual_network.vnet",
            "module.security.azurerm_log_analytics_workspace.law",
            "module.storage.azurerm_storage_account.www_sa",
            "module.storage.random_string.sa_suffix"
          ]
        }
      ]
    },
    {
      "module": "module.database",
      "mode": "managed",
      "type": "azurerm_mysql_flexible_database",
      "name": "www_db",
      "provider": "provider[\"registry.terraform.io/hashicorp/azurerm\"]",
      "instances": [
        {
          "schema_version": 0,
          "attributes": {
            "charset": "utf8mb4",
            "collation": "utf8mb4_unicode_ci",
            "id": "/subscriptions/99b79efe-ebd6-468c-b39f-5669acb259e1/resourceGroups/04-t1-www-rg/providers/Microsoft.DBforMySQL/flexibleServers/www-mysql-server-d5gm/databases/www_sql",
            "name": "www_sql",
            "resource_group_name": "04-t1-www-rg",
            "server_name": "www-mysql-server-d5gm",
            "timeouts": null
          },
          "sensitive_attributes": [],
          "identity_schema_version": 0,
          "private": "eyJlMmJmYjczMC1lY2FhLTExZTYtOGY4OC0zNDM2M2JjN2M0YzAiOnsiY3JlYXRlIjozNjAwMDAwMDAwMDAwLCJkZWxldGUiOjM2MDAwMDAwMDAwMDAsInJlYWQiOjMwMDAwMDAwMDAwMH19",
          "dependencies": [
            "azurerm_resource_group.rg",
            "module.database.azurerm_mysql_flexible_server.www_mysql",
            "module.database.random_string.mysql_suffix"
          ]
        }
      ]
    },
    {
      "module": "module.database",
      "mode": "managed",
      "type": "azurerm_mysql_flexible_server",
      "name": "www_mysql",
      "provider": "provider[\"registry.terraform.io/hashicorp/azurerm\"]",
      "instances": [
        {
          "schema_version": 0,
          "attributes": {
            "administrator_login": "www",
            "administrator_password": "It12345!",
            "administrator_password_wo": null,
            "administrator_password_wo_version": 0,
            "backup_retention_days": 35,
            "create_mode": null,
            "customer_managed_key": [],
            "delegated_subnet_id": "",
            "fqdn": "www-mysql-server-d5gm.mysql.database.azure.com",
            "geo_redundant_backup_enabled": false,
            "high_availability": [
              {
                "mode": "ZoneRedundant",
                "standby_availability_zone": "2"
              }
            ],
            "id": "/subscriptions/99b79efe-ebd6-468c-b39f-5669acb259e1/resourceGroups/04-t1-www-rg/providers/Microsoft.DBforMySQL/flexibleServers/www-mysql-server-d5gm",
            "identity": [],
            "location": "koreacentral",
            "maintenance_window": [
              {
                "day_of_week": 0,
                "start_hour": 3,
                "start_minute": 0
              }
            ],
            "name": "www-mysql-server-d5gm",
            "point_in_time_restore_time_in_utc": null,
            "private_dns_zone_id": "",
            "public_network_access": "Enabled",
            "public_network_access_enabled": true,
            "replica_capacity": 10,
            "replication_role": "Source",
            "resource_group_name": "04-t1-www-rg",
            "sku_name": "GP_Standard_D4ds_v4",
            "source_server_id": "",
            "storage": [
              {
                "auto_grow_enabled": true,
                "io_scaling_enabled": false,
                "iops": 600,
                "log_on_disk_enabled": false,
                "size_gb": 64
              }
            ],
            "tags": {
              "Environment": "Production",
              "ManagedBy": "Terraform",
              "Purpose": "Database-Server"
            },
            "timeouts": null,
            "version": "8.0.21",
            "zone": "1"
          },
          "sensitive_attributes": [
            [
              {
                "type": "get_attr",
                "value": "administrator_password"
              }
            ]
          ],
          "identity_schema_version": 0,
          "private": "eyJlMmJmYjczMC1lY2FhLTExZTYtOGY4OC0zNDM2M2JjN2M0YzAiOnsiY3JlYXRlIjo3MjAwMDAwMDAwMDAwLCJkZWxldGUiOjM2MDAwMDAwMDAwMDAsInJlYWQiOjMwMDAwMDAwMDAwMCwidXBkYXRlIjo3MjAwMDAwMDAwMDAwfX0=",
          "dependencies": [
            "azurerm_resource_group.rg",
            "module.database.random_string.mysql_suffix"
          ]
        }
      ]
    },
    {
      "module": "module.database",
      "mode": "managed",
      "type": "azurerm_mysql_flexible_server",
      "name": "www_replica",
      "provider": "provider[\"registry.terraform.io/hashicorp/azurerm\"]",
      "instances": [
        {
          "schema_version": 0,
          "attributes": {
            "administrator_login": "www",
            "administrator_password": "It12345!",
            "administrator_password_wo": null,
            "administrator_password_wo_version": 0,
            "backup_retention_days": 7,
            "create_mode": "Replica",
            "customer_managed_key": [],
            "delegated_subnet_id": "",
            "fqdn": "www-mysql-replica-1-oz.mysql.database.azure.com",
            "geo_redundant_backup_enabled": false,
            "high_availability": [],
            "id": "/subscriptions/99b79efe-ebd6-468c-b39f-5669acb259e1/resourceGroups/04-t1-www-rg/providers/Microsoft.DBforMySQL/flexibleServers/www-mysql-replica-1-oz",
            "identity": [],
            "location": "koreacentral",
            "maintenance_window": [],
            "name": "www-mysql-replica-1-oz",
            "point_in_time_restore_time_in_utc": null,
            "private_dns_zone_id": "",
            "public_network_access": "Enabled",
            "public_network_access_enabled": true,
            "replica_capacity": 0,
            "replication_role": "Replica",
            "resource_group_name": "04-t1-www-rg",
            "sku_name": "GP_Standard_D2ds_v4",
            "source_server_id": "/subscriptions/99b79efe-ebd6-468c-b39f-5669acb259e1/resourceGroups/04-t1-www-rg/providers/Microsoft.DBforMySQL/flexibleServers/www-mysql-server-d5gm",
            "storage": [
              {
                "auto_grow_enabled": true,
                "io_scaling_enabled": false,
                "iops": 600,
                "log_on_disk_enabled": false,
                "size_gb": 64
              }
            ],
            "tags": {
              "Environment": "Production",
              "ManagedBy": "Terraform",
              "Purpose": "Database-Replica"
            },
            "timeouts": null,
            "version": "8.0.21",
            "zone": "2"
          },
          "sensitive_attributes": [
            [
              {
                "type": "get_attr",
                "value": "administrator_password"
              }
            ]
          ],
          "identity_schema_version": 0,
          "private": "eyJlMmJmYjczMC1lY2FhLTExZTYtOGY4OC0zNDM2M2JjN2M0YzAiOnsiY3JlYXRlIjo3MjAwMDAwMDAwMDAwLCJkZWxldGUiOjM2MDAwMDAwMDAwMDAsInJlYWQiOjMwMDAwMDAwMDAwMCwidXBkYXRlIjo3MjAwMDAwMDAwMDAwfX0=",
          "dependencies": [
            "azurerm_resource_group.rg",
            "module.database.azurerm_mysql_flexible_server.www_mysql",
            "module.database.random_string.mysql_suffix",
            "module.database.random_string.replica_suffix",
            "module.database.time_sleep.wait_for_primary"
          ]
        }
      ]
    },
    {
      "module": "module.database",
      "mode": "managed",
      "type": "azurerm_mysql_flexible_server",
      "name": "www_replica_2",
      "provider": "provider[\"registry.terraform.io/hashicorp/azurerm\"]",
      "instances": [
        {
          "schema_version": 0,
          "attributes": {
            "administrator_login": "www",
            "administrator_password": "It12345!",
            "administrator_password_wo": null,
            "administrator_password_wo_version": 0,
            "backup_retention_days": 7,
            "create_mode": "Replica",
            "customer_managed_key": [],
            "delegated_subnet_id": "",
            "fqdn": "www-mysql-replica-2-oz.mysql.database.azure.com",
            "geo_redundant_backup_enabled": false,
            "high_availability": [],
            "id": "/subscriptions/99b79efe-ebd6-468c-b39f-5669acb259e1/resourceGroups/04-t1-www-rg/providers/Microsoft.DBforMySQL/flexibleServers/www-mysql-replica-2-oz",
            "identity": [],
            "location": "koreacentral",
            "maintenance_window": [],
            "name": "www-mysql-replica-2-oz",
            "point_in_time_restore_time_in_utc": null,
            "private_dns_zone_id": "",
            "public_network_access": "Enabled",
            "public_network_access_enabled": true,
            "replica_capacity": 0,
            "replication_role": "Replica",
            "resource_group_name": "04-t1-www-rg",
            "sku_name": "GP_Standard_D2ds_v4",
            "source_server_id": "/subscriptions/99b79efe-ebd6-468c-b39f-5669acb259e1/resourceGroups/04-t1-www-rg/providers/Microsoft.DBforMySQL/flexibleServers/www-mysql-server-d5gm",
            "storage": [
              {
                "auto_grow_enabled": true,
                "io_scaling_enabled": false,
                "iops": 600,
                "log_on_disk_enabled": false,
                "size_gb": 64
              }
            ],
            "tags": {},
            "timeouts": null,
            "version": "8.0.21",
            "zone": "1"
          },
          "sensitive_attributes": [
            [
              {
                "type": "get_attr",
                "value": "administrator_password"
              }
            ]
          ],
          "identity_schema_version": 0,
          "private": "eyJlMmJmYjczMC1lY2FhLTExZTYtOGY4OC0zNDM2M2JjN2M0YzAiOnsiY3JlYXRlIjo3MjAwMDAwMDAwMDAwLCJkZWxldGUiOjM2MDAwMDAwMDAwMDAsInJlYWQiOjMwMDAwMDAwMDAwMCwidXBkYXRlIjo3MjAwMDAwMDAwMDAwfX0=",
          "dependencies": [
            "azurerm_resource_group.rg",
            "module.database.azurerm_mysql_flexible_server.www_mysql",
            "module.database.azurerm_mysql_flexible_server.www_replica",
            "module.database.random_string.mysql_suffix",
            "module.database.random_string.replica_suffix",
            "module.database.time_sleep.wait_for_primary"
          ]
        }
      ]
    },
    {
      "module": "module.database",
      "mode": "managed",
      "type": "azurerm_mysql_flexible_server_configuration",
      "name": "innodb_buffer_pool_size",
      "provider": "provider[\"registry.terraform.io/hashicorp/azurerm\"]",
      "instances": [
        {
          "schema_version": 0,
          "attributes": {
            "id": "/subscriptions/99b79efe-ebd6-468c-b39f-5669acb259e1/resourceGroups/04-t1-www-rg/providers/Microsoft.DBforMySQL/flexibleServers/www-mysql-server-d5gm/configurations/innodb_buffer_pool_size",
            "name": "innodb_buffer_pool_size",
            "resource_group_name": "04-t1-www-rg",
            "server_name": "www-mysql-server-d5gm",
            "timeouts": null,
            "value": "4294967296"
          },
          "sensitive_attributes": [],
          "identity_schema_version": 0,
          "private": "eyJlMmJmYjczMC1lY2FhLTExZTYtOGY4OC0zNDM2M2JjN2M0YzAiOnsiY3JlYXRlIjoxODAwMDAwMDAwMDAwLCJkZWxldGUiOjE4MDAwMDAwMDAwMDAsInJlYWQiOjMwMDAwMDAwMDAwMCwidXBkYXRlIjoxODAwMDAwMDAwMDAwfX0=",
          "dependencies": [
            "azurerm_resource_group.rg",
            "module.database.azurerm_mysql_flexible_server.www_mysql",
            "module.database.random_string.mysql_suffix"
          ]
        }
      ]
    },
    {
      "module": "module.database",
      "mode": "managed",
      "type": "azurerm_mysql_flexible_server_configuration",
      "name": "long_query_time",
      "provider": "provider[\"registry.terraform.io/hashicorp/azurerm\"]",
      "instances": [
        {
          "schema_version": 0,
          "attributes": {
            "id": "/subscriptions/99b79efe-ebd6-468c-b39f-5669acb259e1/resourceGroups/04-t1-www-rg/providers/Microsoft.DBforMySQL/flexibleServers/www-mysql-server-d5gm/configurations/long_query_time",
            "name": "long_query_time",
            "resource_group_name": "04-t1-www-rg",
            "server_name": "www-mysql-server-d5gm",
            "timeouts": null,
            "value": "2"
          },
          "sensitive_attributes": [],
          "identity_schema_version": 0,
          "private": "eyJlMmJmYjczMC1lY2FhLTExZTYtOGY4OC0zNDM2M2JjN2M0YzAiOnsiY3JlYXRlIjoxODAwMDAwMDAwMDAwLCJkZWxldGUiOjE4MDAwMDAwMDAwMDAsInJlYWQiOjMwMDAwMDAwMDAwMCwidXBkYXRlIjoxODAwMDAwMDAwMDAwfX0=",
          "dependencies": [
            "azurerm_resource_group.rg",
            "module.database.azurerm_mysql_flexible_server.www_mysql",
            "module.database.random_string.mysql_suffix"
          ]
        }
      ]
    },
    {
      "module": "module.database",
      "mode": "managed",
      "type": "azurerm_mysql_flexible_server_configuration",
      "name": "max_connections",
      "provider": "provider[\"registry.terraform.io/hashicorp/azurerm\"]",
      "instances": [
        {
          "schema_version": 0,
          "attributes": {
            "id": "/subscriptions/99b79efe-ebd6-468c-b39f-5669acb259e1/resourceGroups/04-t1-www-rg/providers/Microsoft.DBforMySQL/flexibleServers/www-mysql-server-d5gm/configurations/max_connections",
            "name": "max_connections",
            "resource_group_name": "04-t1-www-rg",
            "server_name": "www-mysql-server-d5gm",
            "timeouts": null,
            "value": "500"
          },
          "sensitive_attributes": [],
          "identity_schema_version": 0,
          "private": "eyJlMmJmYjczMC1lY2FhLTExZTYtOGY4OC0zNDM2M2JjN2M0YzAiOnsiY3JlYXRlIjoxODAwMDAwMDAwMDAwLCJkZWxldGUiOjE4MDAwMDAwMDAwMDAsInJlYWQiOjMwMDAwMDAwMDAwMCwidXBkYXRlIjoxODAwMDAwMDAwMDAwfX0=",
          "dependencies": [
            "azurerm_resource_group.rg",
            "module.database.azurerm_mysql_flexible_server.www_mysql",
            "module.database.random_string.mysql_suffix"
          ]
        }
      ]
    },
    {
      "module": "module.database",
      "mode": "managed",
      "type": "azurerm_mysql_flexible_server_configuration",
      "name": "require_ssl",
      "provider": "provider[\"registry.terraform.io/hashicorp/azurerm\"]",
      "instances": [
        {
          "schema_version": 0,
          "attributes": {
            "id": "/subscriptions/99b79efe-ebd6-468c-b39f-5669acb259e1/resourceGroups/04-t1-www-rg/providers/Microsoft.DBforMySQL/flexibleServers/www-mysql-server-d5gm/configurations/require_secure_transport",
            "name": "require_secure_transport",
            "resource_group_name": "04-t1-www-rg",
            "server_name": "www-mysql-server-d5gm",
            "timeouts": null,
            "value": "OFF"
          },
          "sensitive_attributes": [],
          "identity_schema_version": 0,
          "private": "eyJlMmJmYjczMC1lY2FhLTExZTYtOGY4OC0zNDM2M2JjN2M0YzAiOnsiY3JlYXRlIjoxODAwMDAwMDAwMDAwLCJkZWxldGUiOjE4MDAwMDAwMDAwMDAsInJlYWQiOjMwMDAwMDAwMDAwMCwidXBkYXRlIjoxODAwMDAwMDAwMDAwfX0=",
          "dependencies": [
            "azurerm_resource_group.rg",
            "module.database.azurerm_mysql_flexible_server.www_mysql",
            "module.database.random_string.mysql_suffix"
          ]
        }
      ]
    },
    {
      "module": "module.database",
      "mode": "managed",
      "type": "azurerm_mysql_flexible_server_configuration",
      "name": "slow_query_log",
      "provider": "provider[\"registry.terraform.io/hashicorp/azurerm\"]",
      "instances": [
        {
          "schema_version": 0,
          "attributes": {
            "id": "/subscriptions/99b79efe-ebd6-468c-b39f-5669acb259e1/resourceGroups/04-t1-www-rg/providers/Microsoft.DBforMySQL/flexibleServers/www-mysql-server-d5gm/configurations/slow_query_log",
            "name": "slow_query_log",
            "resource_group_name": "04-t1-www-rg",
            "server_name": "www-mysql-server-d5gm",
            "timeouts": null,
            "value": "ON"
          },
          "sensitive_attributes": [],
          "identity_schema_version": 0,
          "private": "eyJlMmJmYjczMC1lY2FhLTExZTYtOGY4OC0zNDM2M2JjN2M0YzAiOnsiY3JlYXRlIjoxODAwMDAwMDAwMDAwLCJkZWxldGUiOjE4MDAwMDAwMDAwMDAsInJlYWQiOjMwMDAwMDAwMDAwMCwidXBkYXRlIjoxODAwMDAwMDAwMDAwfX0=",
          "dependencies": [
            "azurerm_resource_group.rg",
            "module.database.azurerm_mysql_flexible_server.www_mysql",
            "module.database.random_string.mysql_suffix"
          ]
        }
      ]
    },
    {
      "module": "module.database",
      "mode": "managed",
      "type": "azurerm_mysql_flexible_server_configuration",
      "name": "www_audit",
      "provider": "provider[\"registry.terraform.io/hashicorp/azurerm\"]",
      "instances": [
        {
          "schema_version": 0,
          "attributes": {
            "id": "/subscriptions/99b79efe-ebd6-468c-b39f-5669acb259e1/resourceGroups/04-t1-www-rg/providers/Microsoft.DBforMySQL/flexibleServers/www-mysql-server-d5gm/configurations/audit_log_enabled",
            "name": "audit_log_enabled",
            "resource_group_name": "04-t1-www-rg",
            "server_name": "www-mysql-server-d5gm",
            "timeouts": null,
            "value": "ON"
          },
          "sensitive_attributes": [],
          "identity_schema_version": 0,
          "private": "eyJlMmJmYjczMC1lY2FhLTExZTYtOGY4OC0zNDM2M2JjN2M0YzAiOnsiY3JlYXRlIjoxODAwMDAwMDAwMDAwLCJkZWxldGUiOjE4MDAwMDAwMDAwMDAsInJlYWQiOjMwMDAwMDAwMDAwMCwidXBkYXRlIjoxODAwMDAwMDAwMDAwfX0=",
          "dependencies": [
            "azurerm_resource_group.rg",
            "module.database.azurerm_mysql_flexible_server.www_mysql",
            "module.database.random_string.mysql_suffix"
          ]
        }
      ]
    },
    {
      "module": "module.database",
      "mode": "managed",
      "type": "azurerm_mysql_flexible_server_configuration",
      "name": "www_audit_events",
      "provider": "provider[\"registry.terraform.io/hashicorp/azurerm\"]",
      "instances": [
        {
          "schema_version": 0,
          "attributes": {
            "id": "/subscriptions/99b79efe-ebd6-468c-b39f-5669acb259e1/resourceGroups/04-t1-www-rg/providers/Microsoft.DBforMySQL/flexibleServers/www-mysql-server-d5gm/configurations/audit_log_events",
            "name": "audit_log_events",
            "resource_group_name": "04-t1-www-rg",
            "server_name": "www-mysql-server-d5gm",
            "timeouts": null,
            "value": "CONNECTION,DDL,DML_SELECT,DML_NONSELECT"
          },
          "sensitive_attributes": [],
          "identity_schema_version": 0,
          "private": "eyJlMmJmYjczMC1lY2FhLTExZTYtOGY4OC0zNDM2M2JjN2M0YzAiOnsiY3JlYXRlIjoxODAwMDAwMDAwMDAwLCJkZWxldGUiOjE4MDAwMDAwMDAwMDAsInJlYWQiOjMwMDAwMDAwMDAwMCwidXBkYXRlIjoxODAwMDAwMDAwMDAwfX0=",
          "dependencies": [
            "azurerm_resource_group.rg",
            "module.database.azurerm_mysql_flexible_server.www_mysql",
            "module.database.random_string.mysql_suffix"
          ]
        }
      ]
    },
    {
      "module": "module.database",
      "mode": "managed",
      "type": "azurerm_mysql_flexible_server_firewall_rule",
      "name": "allow_azure_services",
      "provider": "provider[\"registry.terraform.io/hashicorp/azurerm\"]",
      "instances": [
        {
          "schema_version": 0,
          "attributes": {
            "end_ip_address": "0.0.0.0",
            "id": "/subscriptions/99b79efe-ebd6-468c-b39f-5669acb259e1/resourceGroups/04-t1-www-rg/providers/Microsoft.DBforMySQL/flexibleServers/www-mysql-server-d5gm/firewallRules/allow-azure-services",
            "name": "allow-azure-services",
            "resource_group_name": "04-t1-www-rg",
            "server_name": "www-mysql-server-d5gm",
            "start_ip_address": "0.0.0.0",
            "timeouts": null
          },
          "sensitive_attributes": [],
          "identity_schema_version": 0,
          "private": "eyJlMmJmYjczMC1lY2FhLTExZTYtOGY4OC0zNDM2M2JjN2M0YzAiOnsiY3JlYXRlIjoxODAwMDAwMDAwMDAwLCJkZWxldGUiOjE4MDAwMDAwMDAwMDAsInJlYWQiOjMwMDAwMDAwMDAwMCwidXBkYXRlIjoxODAwMDAwMDAwMDAwfX0=",
          "dependencies": [
            "azurerm_resource_group.rg",
            "module.database.azurerm_mysql_flexible_server.www_mysql",
            "module.database.random_string.mysql_suffix"
          ]
        }
      ]
    },
    {
      "module": "module.database",
      "mode": "managed",
      "type": "azurerm_mysql_flexible_server_firewall_rule",
      "name": "allow_class_ip",
      "provider": "provider[\"registry.terraform.io/hashicorp/azurerm\"]",
      "instances": [
        {
          "schema_version": 0,
          "attributes": {
            "end_ip_address": "61.108.60.26",
            "id": "/subscriptions/99b79efe-ebd6-468c-b39f-5669acb259e1/resourceGroups/04-t1-www-rg/providers/Microsoft.DBforMySQL/flexibleServers/www-mysql-server-d5gm/firewallRules/allow-class-ip",
            "name": "allow-class-ip",
            "resource_group_name": "04-t1-www-rg",
            "server_name": "www-mysql-server-d5gm",
            "start_ip_address": "61.108.60.26",
            "timeouts": null
          },
          "sensitive_attributes": [],
          "identity_schema_version": 0,
          "private": "eyJlMmJmYjczMC1lY2FhLTExZTYtOGY4OC0zNDM2M2JjN2M0YzAiOnsiY3JlYXRlIjoxODAwMDAwMDAwMDAwLCJkZWxldGUiOjE4MDAwMDAwMDAwMDAsInJlYWQiOjMwMDAwMDAwMDAwMCwidXBkYXRlIjoxODAwMDAwMDAwMDAwfX0=",
          "dependencies": [
            "azurerm_resource_group.rg",
            "module.database.azurerm_mysql_flexible_server.www_mysql",
            "module.database.random_string.mysql_suffix"
          ]
        }
      ]
    },
    {
      "module": "module.database",
      "mode": "managed",
      "type": "azurerm_mysql_flexible_server_firewall_rule",
      "name": "allow_my_ip",
      "provider": "provider[\"registry.terraform.io/hashicorp/azurerm\"]",
      "instances": [
        {
          "schema_version": 0,
          "attributes": {
            "end_ip_address": "211.227.107.208",
            "id": "/subscriptions/99b79efe-ebd6-468c-b39f-5669acb259e1/resourceGroups/04-t1-www-rg/providers/Microsoft.DBforMySQL/flexibleServers/www-mysql-server-d5gm/firewallRules/allow-my-ip",
            "name": "allow-my-ip",
            "resource_group_name": "04-t1-www-rg",
            "server_name": "www-mysql-server-d5gm",
            "start_ip_address": "211.227.107.208",
            "timeouts": null
          },
          "sensitive_attributes": [],
          "identity_schema_version": 0,
          "private": "eyJlMmJmYjczMC1lY2FhLTExZTYtOGY4OC0zNDM2M2JjN2M0YzAiOnsiY3JlYXRlIjoxODAwMDAwMDAwMDAwLCJkZWxldGUiOjE4MDAwMDAwMDAwMDAsInJlYWQiOjMwMDAwMDAwMDAwMCwidXBkYXRlIjoxODAwMDAwMDAwMDAwfX0=",
          "dependencies": [
            "azurerm_resource_group.rg",
            "module.database.azurerm_mysql_flexible_server.www_mysql",
            "module.database.random_string.mysql_suffix"
          ]
        }
      ]
    },
    {
      "module": "module.database",
      "mode": "managed",
      "type": "azurerm_private_dns_zone",
      "name": "mysql_dns_zone",
      "provider": "provider[\"registry.terraform.io/hashicorp/azurerm\"]",
      "instances": [
        {
          "schema_version": 0,
          "attributes": {
            "id": "/subscriptions/99b79efe-ebd6-468c-b39f-5669acb259e1/resourceGroups/04-t1-www-rg/providers/Microsoft.Network/privateDnsZones/privatelink.mysql.database.azure.com",
            "max_number_of_record_sets": 25000,
            "max_number_of_virtual_network_links": 1000,
            "max_number_of_virtual_network_links_with_registration": 100,
            "name": "privatelink.mysql.database.azure.com",
            "number_of_record_sets": 2,
            "resource_group_name": "04-t1-www-rg",
            "soa_record": [
              {
                "email": "azureprivatedns-host.microsoft.com",
                "expire_time": 2419200,
                "fqdn": "privatelink.mysql.database.azure.com.",
                "host_name": "azureprivatedns.net",
                "minimum_ttl": 10,
                "refresh_time": 3600,
                "retry_time": 300,
                "serial_number": 1,
                "tags": {},
                "ttl": 3600
              }
            ],
            "tags": {},
            "timeouts": null
          },
          "sensitive_attributes": [],
          "identity_schema_version": 0,
          "identity": {
            "name": "privatelink.mysql.database.azure.com",
            "resource_group_name": "04-t1-www-rg",
            "subscription_id": "99b79efe-ebd6-468c-b39f-5669acb259e1"
          },
          "private": "eyJlMmJmYjczMC1lY2FhLTExZTYtOGY4OC0zNDM2M2JjN2M0YzAiOnsiY3JlYXRlIjoxODAwMDAwMDAwMDAwLCJkZWxldGUiOjE4MDAwMDAwMDAwMDAsInJlYWQiOjMwMDAwMDAwMDAwMCwidXBkYXRlIjoxODAwMDAwMDAwMDAwfX0=",
          "dependencies": [
            "azurerm_resource_group.rg"
          ]
        }
      ]
    },
    {
      "module": "module.database",
      "mode": "managed",
      "type": "azurerm_private_dns_zone",
      "name": "redis_dns_zone",
      "provider": "provider[\"registry.terraform.io/hashicorp/azurerm\"]",
      "instances": [
        {
          "schema_version": 0,
          "attributes": {
            "id": "/subscriptions/99b79efe-ebd6-468c-b39f-5669acb259e1/resourceGroups/04-t1-www-rg/providers/Microsoft.Network/privateDnsZones/privatelink.redis.cache.windows.net",
            "max_number_of_record_sets": 25000,
            "max_number_of_virtual_network_links": 1000,
            "max_number_of_virtual_network_links_with_registration": 100,
            "name": "privatelink.redis.cache.windows.net",
            "number_of_record_sets": 2,
            "resource_group_name": "04-t1-www-rg",
            "soa_record": [
              {
                "email": "azureprivatedns-host.microsoft.com",
                "expire_time": 2419200,
                "fqdn": "privatelink.redis.cache.windows.net.",
                "host_name": "azureprivatedns.net",
                "minimum_ttl": 10,
                "refresh_time": 3600,
                "retry_time": 300,
                "serial_number": 1,
                "tags": {},
                "ttl": 3600
              }
            ],
            "tags": {},
            "timeouts": null
          },
          "sensitive_attributes": [],
          "identity_schema_version": 0,
          "identity": {
            "name": "privatelink.redis.cache.windows.net",
            "resource_group_name": "04-t1-www-rg",
            "subscription_id": "99b79efe-ebd6-468c-b39f-5669acb259e1"
          },
          "private": "eyJlMmJmYjczMC1lY2FhLTExZTYtOGY4OC0zNDM2M2JjN2M0YzAiOnsiY3JlYXRlIjoxODAwMDAwMDAwMDAwLCJkZWxldGUiOjE4MDAwMDAwMDAwMDAsInJlYWQiOjMwMDAwMDAwMDAwMCwidXBkYXRlIjoxODAwMDAwMDAwMDAwfX0=",
          "dependencies": [
            "azurerm_resource_group.rg"
          ]
        }
      ]
    },
    {
      "module": "module.database",
      "mode": "managed",
      "type": "azurerm_private_dns_zone_virtual_network_link",
      "name": "mysql_dns_link",
      "provider": "provider[\"registry.terraform.io/hashicorp/azurerm\"]",
      "instances": [
        {
          "schema_version": 0,
          "attributes": {
            "id": "/subscriptions/99b79efe-ebd6-468c-b39f-5669acb259e1/resourceGroups/04-t1-www-rg/providers/Microsoft.Network/privateDnsZones/privatelink.mysql.database.azure.com/virtualNetworkLinks/www-mysql-dns-link",
            "name": "www-mysql-dns-link",
            "private_dns_zone_name": "privatelink.mysql.database.azure.com",
            "registration_enabled": false,
            "resolution_policy": "Default",
            "resource_group_name": "04-t1-www-rg",
            "tags": {},
            "timeouts": null,
            "virtual_network_id": "/subscriptions/99b79efe-ebd6-468c-b39f-5669acb259e1/resourceGroups/04-t1-www-rg/providers/Microsoft.Network/virtualNetworks/vnet0"
          },
          "sensitive_attributes": [],
          "identity_schema_version": 0,
          "identity": {
            "name": "www-mysql-dns-link",
            "private_dns_zone_name": "privatelink.mysql.database.azure.com",
            "resource_group_name": "04-t1-www-rg",
            "subscription_id": "99b79efe-ebd6-468c-b39f-5669acb259e1"
          },
          "private": "eyJlMmJmYjczMC1lY2FhLTExZTYtOGY4OC0zNDM2M2JjN2M0YzAiOnsiY3JlYXRlIjoxODAwMDAwMDAwMDAwLCJkZWxldGUiOjE4MDAwMDAwMDAwMDAsInJlYWQiOjMwMDAwMDAwMDAwMCwidXBkYXRlIjoxODAwMDAwMDAwMDAwfX0=",
          "dependencies": [
            "azurerm_resource_group.rg",
            "module.database.azurerm_private_dns_zone.mysql_dns_zone",
            "module.network_central.azurerm_virtual_network.vnet"
          ]
        }
      ]
    },
    {
      "module": "module.database",
      "mode": "managed",
      "type": "azurerm_private_dns_zone_virtual_network_link",
      "name": "redis_dns_link",
      "provider": "provider[\"registry.terraform.io/hashicorp/azurerm\"]",
      "instances": [
        {
          "schema_version": 0,
          "attributes": {
            "id": "/subscriptions/99b79efe-ebd6-468c-b39f-5669acb259e1/resourceGroups/04-t1-www-rg/providers/Microsoft.Network/privateDnsZones/privatelink.redis.cache.windows.net/virtualNetworkLinks/www-redis-dns-link",
            "name": "www-redis-dns-link",
            "private_dns_zone_name": "privatelink.redis.cache.windows.net",
            "registration_enabled": false,
            "resolution_policy": "Default",
            "resource_group_name": "04-t1-www-rg",
            "tags": {},
            "timeouts": null,
            "virtual_network_id": "/subscriptions/99b79efe-ebd6-468c-b39f-5669acb259e1/resourceGroups/04-t1-www-rg/providers/Microsoft.Network/virtualNetworks/vnet0"
          },
          "sensitive_attributes": [],
          "identity_schema_version": 0,
          "identity": {
            "name": "www-redis-dns-link",
            "private_dns_zone_name": "privatelink.redis.cache.windows.net",
            "resource_group_name": "04-t1-www-rg",
            "subscription_id": "99b79efe-ebd6-468c-b39f-5669acb259e1"
          },
          "private": "eyJlMmJmYjczMC1lY2FhLTExZTYtOGY4OC0zNDM2M2JjN2M0YzAiOnsiY3JlYXRlIjoxODAwMDAwMDAwMDAwLCJkZWxldGUiOjE4MDAwMDAwMDAwMDAsInJlYWQiOjMwMDAwMDAwMDAwMCwidXBkYXRlIjoxODAwMDAwMDAwMDAwfX0=",
          "dependencies": [
            "azurerm_resource_group.rg",
            "module.database.azurerm_private_dns_zone.redis_dns_zone",
            "module.network_central.azurerm_virtual_network.vnet"
          ]
        }
      ]
    },
    {
      "module": "module.database",
      "mode": "managed",
      "type": "azurerm_private_endpoint",
      "name": "mysql_pe",
      "provider": "provider[\"registry.terraform.io/hashicorp/azurerm\"]",
      "instances": [
        {
          "schema_version": 0,
          "attributes": {
            "custom_dns_configs": [],
            "custom_network_interface_name": "www-mysql-pe-nic",
            "id": "/subscriptions/99b79efe-ebd6-468c-b39f-5669acb259e1/resourceGroups/04-t1-www-rg/providers/Microsoft.Network/privateEndpoints/www-mysql-endpoint",
            "ip_configuration": [],
            "location": "koreacentral",
            "name": "www-mysql-endpoint",
            "network_interface": [
              {
                "id": "/subscriptions/99b79efe-ebd6-468c-b39f-5669acb259e1/resourceGroups/04-t1-www-rg/providers/Microsoft.Network/networkInterfaces/www-mysql-pe-nic",
                "name": "www-mysql-pe-nic"
              }
            ],
            "private_dns_zone_configs": [
              {
                "id": "/subscriptions/99b79efe-ebd6-468c-b39f-5669acb259e1/resourceGroups/04-t1-www-rg/providers/Microsoft.Network/privateEndpoints/www-mysql-endpoint/privateDnsZoneGroups/default/privateDnsZoneConfigs/privatelink.mysql.database.azure.com",
                "name": "privatelink.mysql.database.azure.com",
                "private_dns_zone_id": "/subscriptions/99b79efe-ebd6-468c-b39f-5669acb259e1/resourceGroups/04-t1-www-rg/providers/Microsoft.Network/privateDnsZones/privatelink.mysql.database.azure.com",
                "record_sets": [
                  {
                    "fqdn": "www-mysql-server-d5gm.privatelink.mysql.database.azure.com",
                    "ip_addresses": [
                      "172.16.1.4"
                    ],
                    "name": "www-mysql-server-d5gm",
                    "ttl": 10,
                    "type": "A"
                  }
                ]
              }
            ],
            "private_dns_zone_group": [
              {
                "id": "/subscriptions/99b79efe-ebd6-468c-b39f-5669acb259e1/resourceGroups/04-t1-www-rg/providers/Microsoft.Network/privateEndpoints/www-mysql-endpoint/privateDnsZoneGroups/default",
                "name": "default",
                "private_dns_zone_ids": [
                  "/subscriptions/99b79efe-ebd6-468c-b39f-5669acb259e1/resourceGroups/04-t1-www-rg/providers/Microsoft.Network/privateDnsZones/privatelink.mysql.database.azure.com"
                ]
              }
            ],
            "private_service_connection": [
              {
                "is_manual_connection": false,
                "name": "www-mysql-privatelink",
                "private_connection_resource_alias": "",
                "private_connection_resource_id": "/subscriptions/99b79efe-ebd6-468c-b39f-5669acb259e1/resourceGroups/04-t1-www-rg/providers/Microsoft.DBforMySQL/flexibleServers/www-mysql-server-d5gm",
                "private_ip_address": "172.16.1.4",
                "request_message": "",
                "subresource_names": [
                  "mysqlServer"
                ]
              }
            ],
            "resource_group_name": "04-t1-www-rg",
            "subnet_id": "/subscriptions/99b79efe-ebd6-468c-b39f-5669acb259e1/resourceGroups/04-t1-www-rg/providers/Microsoft.Network/virtualNetworks/vnet0/subnets/www-db",
            "tags": {},
            "timeouts": null
          },
          "sensitive_attributes": [],
          "identity_schema_version": 0,
          "identity": {
            "name": "www-mysql-endpoint",
            "resource_group_name": "04-t1-www-rg",
            "subscription_id": "99b79efe-ebd6-468c-b39f-5669acb259e1"
          },
          "private": "eyJlMmJmYjczMC1lY2FhLTExZTYtOGY4OC0zNDM2M2JjN2M0YzAiOnsiY3JlYXRlIjozNjAwMDAwMDAwMDAwLCJkZWxldGUiOjM2MDAwMDAwMDAwMDAsInJlYWQiOjMwMDAwMDAwMDAwMCwidXBkYXRlIjozNjAwMDAwMDAwMDAwfX0=",
          "dependencies": [
            "azurerm_resource_group.rg",
            "module.database.azurerm_mysql_flexible_server.www_mysql",
            "module.database.azurerm_private_dns_zone.mysql_dns_zone",
            "module.database.random_string.mysql_suffix",
            "module.network_central.azurerm_subnet.subnets",
            "module.network_central.azurerm_virtual_network.vnet"
          ]
        }
      ]
    },
    {
      "module": "module.database",
      "mode": "managed",
      "type": "azurerm_private_endpoint",
      "name": "redis_pe",
      "provider": "provider[\"registry.terraform.io/hashicorp/azurerm\"]",
      "instances": [
        {
          "schema_version": 0,
          "attributes": {
            "custom_dns_configs": [],
            "custom_network_interface_name": "www-redis-pe-nic",
            "id": "/subscriptions/99b79efe-ebd6-468c-b39f-5669acb259e1/resourceGroups/04-t1-www-rg/providers/Microsoft.Network/privateEndpoints/www-redis-endpoint",
            "ip_configuration": [],
            "location": "koreacentral",
            "name": "www-redis-endpoint",
            "network_interface": [
              {
                "id": "/subscriptions/99b79efe-ebd6-468c-b39f-5669acb259e1/resourceGroups/04-t1-www-rg/providers/Microsoft.Network/networkInterfaces/www-redis-pe-nic",
                "name": "www-redis-pe-nic"
              }
            ],
            "private_dns_zone_configs": [
              {
                "id": "/subscriptions/99b79efe-ebd6-468c-b39f-5669acb259e1/resourceGroups/04-t1-www-rg/providers/Microsoft.Network/privateEndpoints/www-redis-endpoint/privateDnsZoneGroups/default/privateDnsZoneConfigs/privatelink.redis.cache.windows.net",
                "name": "privatelink.redis.cache.windows.net",
                "private_dns_zone_id": "/subscriptions/99b79efe-ebd6-468c-b39f-5669acb259e1/resourceGroups/04-t1-www-rg/providers/Microsoft.Network/privateDnsZones/privatelink.redis.cache.windows.net",
                "record_sets": [
                  {
                    "fqdn": "www-redis-cache-iw0l.privatelink.redis.cache.windows.net",
                    "ip_addresses": [
                      "172.16.1.5"
                    ],
                    "name": "www-redis-cache-iw0l",
                    "ttl": 10,
                    "type": "A"
                  }
                ]
              }
            ],
            "private_dns_zone_group": [
              {
                "id": "/subscriptions/99b79efe-ebd6-468c-b39f-5669acb259e1/resourceGroups/04-t1-www-rg/providers/Microsoft.Network/privateEndpoints/www-redis-endpoint/privateDnsZoneGroups/default",
                "name": "default",
                "private_dns_zone_ids": [
                  "/subscriptions/99b79efe-ebd6-468c-b39f-5669acb259e1/resourceGroups/04-t1-www-rg/providers/Microsoft.Network/privateDnsZones/privatelink.redis.cache.windows.net"
                ]
              }
            ],
            "private_service_connection": [
              {
                "is_manual_connection": false,
                "name": "www-redis-privatelink",
                "private_connection_resource_alias": "",
                "private_connection_resource_id": "/subscriptions/99b79efe-ebd6-468c-b39f-5669acb259e1/resourceGroups/04-t1-www-rg/providers/Microsoft.Cache/redis/www-redis-cache-iw0l",
                "private_ip_address": "172.16.1.5",
                "request_message": "",
                "subresource_names": [
                  "redisCache"
                ]
              }
            ],
            "resource_group_name": "04-t1-www-rg",
            "subnet_id": "/subscriptions/99b79efe-ebd6-468c-b39f-5669acb259e1/resourceGroups/04-t1-www-rg/providers/Microsoft.Network/virtualNetworks/vnet0/subnets/www-db",
            "tags": {},
            "timeouts": null
          },
          "sensitive_attributes": [],
          "identity_schema_version": 0,
          "identity": {
            "name": "www-redis-endpoint",
            "resource_group_name": "04-t1-www-rg",
            "subscription_id": "99b79efe-ebd6-468c-b39f-5669acb259e1"
          },
          "private": "eyJlMmJmYjczMC1lY2FhLTExZTYtOGY4OC0zNDM2M2JjN2M0YzAiOnsiY3JlYXRlIjozNjAwMDAwMDAwMDAwLCJkZWxldGUiOjM2MDAwMDAwMDAwMDAsInJlYWQiOjMwMDAwMDAwMDAwMCwidXBkYXRlIjozNjAwMDAwMDAwMDAwfX0=",
          "dependencies": [
            "azurerm_resource_group.rg",
            "module.database.azurerm_private_dns_zone.redis_dns_zone",
            "module.database.azurerm_redis_cache.www_redis",
            "module.database.random_string.redis_suffix",
            "module.network_central.azurerm_subnet.subnets",
            "module.network_central.azurerm_virtual_network.vnet",
            "module.storage.azurerm_storage_account.www_sa",
            "module.storage.random_string.sa_suffix"
          ]
        }
      ]
    },
    {
      "module": "module.database",
      "mode": "managed",
      "type": "azurerm_redis_cache",
      "name": "www_redis",
      "provider": "provider[\"registry.terraform.io/hashicorp/azurerm\"]",
      "instances": [
        {
          "schema_version": 1,
          "attributes": {
            "access_keys_authentication_enabled": true,
            "capacity": 1,
            "family": "P",
            "hostname": "www-redis-cache-iw0l.redis.cache.windows.net",
            "id": "/subscriptions/99b79efe-ebd6-468c-b39f-5669acb259e1/resourceGroups/04-t1-www-rg/providers/Microsoft.Cache/redis/www-redis-cache-iw0l",
            "identity": [],
            "location": "koreacentral",
            "minimum_tls_version": "1.2",
            "name": "www-redis-cache-iw0l",
            "non_ssl_port_enabled": false,
            "patch_schedule": [
              {
                "day_of_week": "Sunday",
                "maintenance_window": "PT5H",
                "start_hour_utc": 3
              }
            ],
            "port": 6379,
            "primary_access_key": "gC2dbaplNt3ZyOpSTCn27qxo8Dmk11gnUAzCaDGwPFQ=",
            "primary_connection_string": "www-redis-cache-iw0l.redis.cache.windows.net:6380,password=gC2dbaplNt3ZyOpSTCn27qxo8Dmk11gnUAzCaDGwPFQ=,ssl=true,abortConnect=False",
            "private_static_ip_address": "",
            "public_network_access_enabled": false,
            "redis_configuration": [
              {
                "active_directory_authentication_enabled": false,
                "aof_backup_enabled": false,
                "aof_storage_connection_string_0": "",
                "aof_storage_connection_string_1": "",
                "authentication_enabled": true,
                "data_persistence_authentication_method": "",
                "maxclients": 7500,
                "maxfragmentationmemory_reserved": 642,
                "maxmemory_delta": 642,
                "maxmemory_policy": "allkeys-lru",
                "maxmemory_reserved": 642,
                "notify_keyspace_events": "",
                "rdb_backup_enabled": true,
                "rdb_backup_frequency": 60,
                "rdb_backup_max_snapshot_count": 1,
                "rdb_storage_connection_string": "DefaultEndpointsProtocol=https;AccountName=wwwstoragetre0;AccountKey=iMzhfq6UW8apb2KP+u+x8xM034avtIngIiCuEUCxJO8inpf0FV4HXSsts0SEVYwM/eoYz7kqxBHv+AStFVYVkw==;EndpointSuffix=core.windows.net",
                "storage_account_subscription_id": ""
              }
            ],
            "redis_version": "6.0",
            "replicas_per_master": 1,
            "replicas_per_primary": 1,
            "resource_group_name": "04-t1-www-rg",
            "secondary_access_key": "KXEVEGbKTKcMagBYlecd8LxalMTTB9dFUAzCaFnJFMQ=",
            "secondary_connection_string": "www-redis-cache-iw0l.redis.cache.windows.net:6380,password=KXEVEGbKTKcMagBYlecd8LxalMTTB9dFUAzCaFnJFMQ=,ssl=true,abortConnect=False",
            "shard_count": 0,
            "sku_name": "Premium",
            "ssl_port": 6380,
            "subnet_id": "",
            "tags": {
              "Environment": "Production",
              "ManagedBy": "Terraform",
              "Purpose": "Redis-Cache"
            },
            "tenant_settings": {},
            "timeouts": null,
            "zones": []
          },
          "sensitive_attributes": [
            [
              {
                "type": "get_attr",
                "value": "primary_access_key"
              }
            ],
            [
              {
                "type": "get_attr",
                "value": "primary_connection_string"
              }
            ],
            [
              {
                "type": "get_attr",
                "value": "redis_configuration"
              },
              {
                "type": "index",
                "value": {
                  "value": 0,
                  "type": "number"
                }
              },
              {
                "type": "get_attr",
                "value": "aof_storage_connection_string_0"
              }
            ],
            [
              {
                "type": "get_attr",
                "value": "redis_configuration"
              },
              {
                "type": "index",
                "value": {
                  "value": 0,
                  "type": "number"
                }
              },
              {
                "type": "get_attr",
                "value": "aof_storage_connection_string_1"
              }
            ],
            [
              {
                "type": "get_attr",
                "value": "redis_configuration"
              },
              {
                "type": "index",
                "value": {
                  "value": 0,
                  "type": "number"
                }
              },
              {
                "type": "get_attr",
                "value": "rdb_storage_connection_string"
              }
            ],
            [
              {
                "type": "get_attr",
                "value": "secondary_access_key"
              }
            ],
            [
              {
                "type": "get_attr",
                "value": "secondary_connection_string"
              }
            ]
          ],
          "identity_schema_version": 0,
          "private": "eyJlMmJmYjczMC1lY2FhLTExZTYtOGY4OC0zNDM2M2JjN2M0YzAiOnsiY3JlYXRlIjoxMDgwMDAwMDAwMDAwMCwiZGVsZXRlIjoxMDgwMDAwMDAwMDAwMCwicmVhZCI6MzAwMDAwMDAwMDAwLCJ1cGRhdGUiOjEwODAwMDAwMDAwMDAwfSwic2NoZW1hX3ZlcnNpb24iOiIxIn0=",
          "dependencies": [
            "azurerm_resource_group.rg",
            "module.database.random_string.redis_suffix",
            "module.network_central.azurerm_subnet.subnets",
            "module.network_central.azurerm_virtual_network.vnet",
            "module.storage.azurerm_storage_account.www_sa",
            "module.storage.random_string.sa_suffix"
          ]
        }
      ]
    },
    {
      "module": "module.database",
      "mode": "managed",
      "type": "azurerm_redis_firewall_rule",
      "name": "allow_class_ip",
      "provider": "provider[\"registry.terraform.io/hashicorp/azurerm\"]",
      "instances": [
        {
          "schema_version": 1,
          "attributes": {
            "end_ip": "61.108.60.26",
            "id": "/subscriptions/99b79efe-ebd6-468c-b39f-5669acb259e1/resourceGroups/04-t1-www-rg/providers/Microsoft.Cache/redis/www-redis-cache-iw0l/firewallRules/allow_class_ip",
            "name": "allow_class_ip",
            "redis_cache_name": "www-redis-cache-iw0l",
            "resource_group_name": "04-t1-www-rg",
            "start_ip": "61.108.60.26",
            "timeouts": null
          },
          "sensitive_attributes": [],
          "identity_schema_version": 0,
          "identity": {
            "name": "allow_class_ip",
            "redis_name": "www-redis-cache-iw0l",
            "resource_group_name": "04-t1-www-rg",
            "subscription_id": "99b79efe-ebd6-468c-b39f-5669acb259e1"
          },
          "private": "eyJlMmJmYjczMC1lY2FhLTExZTYtOGY4OC0zNDM2M2JjN2M0YzAiOnsiY3JlYXRlIjoxODAwMDAwMDAwMDAwLCJkZWxldGUiOjE4MDAwMDAwMDAwMDAsInJlYWQiOjMwMDAwMDAwMDAwMCwidXBkYXRlIjoxODAwMDAwMDAwMDAwfSwic2NoZW1hX3ZlcnNpb24iOiIxIn0=",
          "dependencies": [
            "azurerm_resource_group.rg",
            "module.database.azurerm_redis_cache.www_redis",
            "module.database.random_string.redis_suffix",
            "module.network_central.azurerm_subnet.subnets",
            "module.network_central.azurerm_virtual_network.vnet",
            "module.storage.azurerm_storage_account.www_sa",
            "module.storage.random_string.sa_suffix"
          ]
        }
      ]
    },
    {
      "module": "module.database",
      "mode": "managed",
      "type": "azurerm_redis_firewall_rule",
      "name": "allow_my_ip",
      "provider": "provider[\"registry.terraform.io/hashicorp/azurerm\"]",
      "instances": [
        {
          "schema_version": 1,
          "attributes": {
            "end_ip": "211.227.107.208",
            "id": "/subscriptions/99b79efe-ebd6-468c-b39f-5669acb259e1/resourceGroups/04-t1-www-rg/providers/Microsoft.Cache/redis/www-redis-cache-iw0l/firewallRules/allow_my_ip",
            "name": "allow_my_ip",
            "redis_cache_name": "www-redis-cache-iw0l",
            "resource_group_name": "04-t1-www-rg",
            "start_ip": "211.227.107.208",
            "timeouts": null
          },
          "sensitive_attributes": [],
          "identity_schema_version": 0,
          "identity": {
            "name": "allow_my_ip",
            "redis_name": "www-redis-cache-iw0l",
            "resource_group_name": "04-t1-www-rg",
            "subscription_id": "99b79efe-ebd6-468c-b39f-5669acb259e1"
          },
          "private": "eyJlMmJmYjczMC1lY2FhLTExZTYtOGY4OC0zNDM2M2JjN2M0YzAiOnsiY3JlYXRlIjoxODAwMDAwMDAwMDAwLCJkZWxldGUiOjE4MDAwMDAwMDAwMDAsInJlYWQiOjMwMDAwMDAwMDAwMCwidXBkYXRlIjoxODAwMDAwMDAwMDAwfSwic2NoZW1hX3ZlcnNpb24iOiIxIn0=",
          "dependencies": [
            "azurerm_resource_group.rg",
            "module.database.azurerm_redis_cache.www_redis",
            "module.database.random_string.redis_suffix",
            "module.network_central.azurerm_subnet.subnets",
            "module.network_central.azurerm_virtual_network.vnet",
            "module.storage.azurerm_storage_account.www_sa",
            "module.storage.random_string.sa_suffix"
          ]
        }
      ]
    },
    {
      "module": "module.database",
      "mode": "managed",
      "type": "random_string",
      "name": "adf_suffix",
      "provider": "provider[\"registry.terraform.io/hashicorp/random\"]",
      "instances": [
        {
          "schema_version": 2,
          "attributes": {
            "id": "1vfx",
            "keepers": null,
            "length": 4,
            "lower": true,
            "min_lower": 0,
            "min_numeric": 0,
            "min_special": 0,
            "min_upper": 0,
            "number": true,
            "numeric": true,
            "override_special": null,
            "result": "1vfx",
            "special": false,
            "upper": false
          },
          "sensitive_attributes": [],
          "identity_schema_version": 0
        }
      ]
    },
    {
      "module": "module.database",
      "mode": "managed",
      "type": "random_string",
      "name": "cosmos_suffix",
      "provider": "provider[\"registry.terraform.io/hashicorp/random\"]",
      "instances": [
        {
          "schema_version": 2,
          "attributes": {
            "id": "2xdyi8",
            "keepers": null,
            "length": 6,
            "lower": true,
            "min_lower": 0,
            "min_numeric": 0,
            "min_special": 0,
            "min_upper": 0,
            "number": true,
            "numeric": true,
            "override_special": null,
            "result": "2xdyi8",
            "special": false,
            "upper": false
          },
          "sensitive_attributes": [],
          "identity_schema_version": 0
        }
      ]
    },
    {
      "module": "module.database",
      "mode": "managed",
      "type": "random_string",
      "name": "mysql_suffix",
      "provider": "provider[\"registry.terraform.io/hashicorp/random\"]",
      "instances": [
        {
          "schema_version": 2,
          "attributes": {
            "id": "d5gm",
            "keepers": null,
            "length": 4,
            "lower": true,
            "min_lower": 0,
            "min_numeric": 0,
            "min_special": 0,
            "min_upper": 0,
            "number": true,
            "numeric": true,
            "override_special": null,
            "result": "d5gm",
            "special": false,
            "upper": false
          },
          "sensitive_attributes": [],
          "identity_schema_version": 0
        }
      ]
    },
    {
      "module": "module.database",
      "mode": "managed",
      "type": "random_string",
      "name": "redis_suffix",
      "provider": "provider[\"registry.terraform.io/hashicorp/random\"]",
      "instances": [
        {
          "schema_version": 2,
          "attributes": {
            "id": "iw0l",
            "keepers": null,
            "length": 4,
            "lower": true,
            "min_lower": 0,
            "min_numeric": 0,
            "min_special": 0,
            "min_upper": 0,
            "number": true,
            "numeric": true,
            "override_special": null,
            "result": "iw0l",
            "special": false,
            "upper": false
          },
          "sensitive_attributes": [],
          "identity_schema_version": 0
        }
      ]
    },
    {
      "module": "module.database",
      "mode": "managed",
      "type": "random_string",
      "name": "replica_suffix",
      "provider": "provider[\"registry.terraform.io/hashicorp/random\"]",
      "instances": [
        {
          "schema_version": 2,
          "attributes": {
            "id": "oz",
            "keepers": null,
            "length": 2,
            "lower": true,
            "min_lower": 0,
            "min_numeric": 0,
            "min_special": 0,
            "min_upper": 0,
            "number": true,
            "numeric": true,
            "override_special": null,
            "result": "oz",
            "special": false,
            "upper": false
          },
          "sensitive_attributes": [],
          "identity_schema_version": 0
        }
      ]
    },
    {
      "module": "module.database",
      "mode": "managed",
      "type": "time_sleep",
      "name": "wait_for_primary",
      "provider": "provider[\"registry.terraform.io/hashicorp/time\"]",
      "instances": [
        {
          "schema_version": 0,
          "attributes": {
            "create_duration": "5m",
            "destroy_duration": null,
            "id": "2025-12-07T10:53:15Z",
            "triggers": null
          },
          "sensitive_attributes": [],
          "identity_schema_version": 0,
          "dependencies": [
            "azurerm_resource_group.rg",
            "module.database.azurerm_mysql_flexible_server.www_mysql",
            "module.database.random_string.mysql_suffix"
          ]
        }
      ]
    },
    {
      "module": "module.dns",
      "mode": "managed",
      "type": "azurerm_dns_a_record",
      "name": "mail",
      "provider": "provider[\"registry.terraform.io/hashicorp/azurerm\"]",
      "instances": [
        {
          "schema_version": 1,
          "attributes": {
            "fqdn": "mail.04www.cloud.",
            "id": "/subscriptions/99b79efe-ebd6-468c-b39f-5669acb259e1/resourceGroups/04-t1-www-rg/providers/Microsoft.Network/dnsZones/04www.cloud/A/mail",
            "name": "mail",
            "records": [
              "20.196.153.165"
            ],
            "resource_group_name": "04-t1-www-rg",
            "tags": {},
            "target_resource_id": "",
            "timeouts": null,
            "ttl": 300,
            "zone_name": "04www.cloud"
          },
          "sensitive_attributes": [],
          "identity_schema_version": 0,
          "private": "eyJlMmJmYjczMC1lY2FhLTExZTYtOGY4OC0zNDM2M2JjN2M0YzAiOnsiY3JlYXRlIjoxODAwMDAwMDAwMDAwLCJkZWxldGUiOjE4MDAwMDAwMDAwMDAsInJlYWQiOjMwMDAwMDAwMDAwMCwidXBkYXRlIjoxODAwMDAwMDAwMDAwfSwic2NoZW1hX3ZlcnNpb24iOiIxIn0=",
          "dependencies": [
            "azurerm_resource_group.rg",
            "module.compute.azurerm_public_ip.mail_pip",
            "module.dns.azurerm_dns_zone.public"
          ]
        }
      ]
    },
    {
      "module": "module.dns",
      "mode": "managed",
      "type": "azurerm_dns_a_record",
      "name": "root_public",
      "provider": "provider[\"registry.terraform.io/hashicorp/azurerm\"]",
      "instances": [
        {
          "schema_version": 1,
          "attributes": {
            "fqdn": "04www.cloud.",
            "id": "/subscriptions/99b79efe-ebd6-468c-b39f-5669acb259e1/resourceGroups/04-t1-www-rg/providers/Microsoft.Network/dnsZones/04www.cloud/A/@",
            "name": "@",
            "records": [],
            "resource_group_name": "04-t1-www-rg",
            "tags": {},
            "target_resource_id": "/subscriptions/99b79efe-ebd6-468c-b39f-5669acb259e1/resourceGroups/04-t1-www-rg/providers/Microsoft.Cdn/profiles/www-cdn-profile/afdEndpoints/www-fd-endpoint-z98qcz",
            "timeouts": null,
            "ttl": 300,
            "zone_name": "04www.cloud"
          },
          "sensitive_attributes": [],
          "identity_schema_version": 0,
          "private": "eyJlMmJmYjczMC1lY2FhLTExZTYtOGY4OC0zNDM2M2JjN2M0YzAiOnsiY3JlYXRlIjoxODAwMDAwMDAwMDAwLCJkZWxldGUiOjE4MDAwMDAwMDAwMDAsInJlYWQiOjMwMDAwMDAwMDAwMCwidXBkYXRlIjoxODAwMDAwMDAwMDAwfSwic2NoZW1hX3ZlcnNpb24iOiIxIn0=",
          "dependencies": [
            "azurerm_resource_group.rg",
            "module.dns.azurerm_dns_zone.public",
            "module.edge.azurerm_cdn_frontdoor_endpoint.www_fd_endpoint",
            "module.edge.azurerm_cdn_frontdoor_profile.www_cdn",
            "module.edge.random_string.cdn_suffix"
          ]
        }
      ]
    },
    {
      "module": "module.dns",
      "mode": "managed",
      "type": "azurerm_dns_cname_record",
      "name": "www_public",
      "provider": "provider[\"registry.terraform.io/hashicorp/azurerm\"]",
      "instances": [
        {
          "schema_version": 1,
          "attributes": {
            "fqdn": "www.04www.cloud.",
            "id": "/subscriptions/99b79efe-ebd6-468c-b39f-5669acb259e1/resourceGroups/04-t1-www-rg/providers/Microsoft.Network/dnsZones/04www.cloud/CNAME/www",
            "name": "www",
            "record": "www-fd-endpoint-z98qcz-hyaydbg5gydufdah.a02.azurefd.net",
            "resource_group_name": "04-t1-www-rg",
            "tags": {},
            "target_resource_id": "",
            "timeouts": null,
            "ttl": 300,
            "zone_name": "04www.cloud"
          },
          "sensitive_attributes": [],
          "identity_schema_version": 0,
          "private": "eyJlMmJmYjczMC1lY2FhLTExZTYtOGY4OC0zNDM2M2JjN2M0YzAiOnsiY3JlYXRlIjoxODAwMDAwMDAwMDAwLCJkZWxldGUiOjE4MDAwMDAwMDAwMDAsInJlYWQiOjMwMDAwMDAwMDAwMCwidXBkYXRlIjoxODAwMDAwMDAwMDAwfSwic2NoZW1hX3ZlcnNpb24iOiIxIn0=",
          "dependencies": [
            "azurerm_resource_group.rg",
            "module.dns.azurerm_dns_zone.public",
            "module.edge.azurerm_cdn_frontdoor_endpoint.www_fd_endpoint",
            "module.edge.azurerm_cdn_frontdoor_profile.www_cdn",
            "module.edge.random_string.cdn_suffix"
          ]
        }
      ]
    },
    {
      "module": "module.dns",
      "mode": "managed",
      "type": "azurerm_dns_mx_record",
      "name": "mail",
      "provider": "provider[\"registry.terraform.io/hashicorp/azurerm\"]",
      "instances": [
        {
          "schema_version": 1,
          "attributes": {
            "fqdn": "04www.cloud.",
            "id": "/subscriptions/99b79efe-ebd6-468c-b39f-5669acb259e1/resourceGroups/04-t1-www-rg/providers/Microsoft.Network/dnsZones/04www.cloud/MX/@",
            "name": "@",
            "record": [
              {
                "exchange": "mail.04www.cloud.",
                "preference": "10"
              }
            ],
            "resource_group_name": "04-t1-www-rg",
            "tags": {},
            "timeouts": null,
            "ttl": 300,
            "zone_name": "04www.cloud"
          },
          "sensitive_attributes": [],
          "identity_schema_version": 0,
          "private": "eyJlMmJmYjczMC1lY2FhLTExZTYtOGY4OC0zNDM2M2JjN2M0YzAiOnsiY3JlYXRlIjoxODAwMDAwMDAwMDAwLCJkZWxldGUiOjE4MDAwMDAwMDAwMDAsInJlYWQiOjMwMDAwMDAwMDAwMCwidXBkYXRlIjoxODAwMDAwMDAwMDAwfSwic2NoZW1hX3ZlcnNpb24iOiIxIn0=",
          "dependencies": [
            "azurerm_resource_group.rg",
            "module.dns.azurerm_dns_zone.public"
          ]
        }
      ]
    },
    {
      "module": "module.dns",
      "mode": "managed",
      "type": "azurerm_dns_txt_record",
      "name": "apex_validation",
      "provider": "provider[\"registry.terraform.io/hashicorp/azurerm\"]",
      "instances": [
        {
          "schema_version": 1,
          "attributes": {
            "fqdn": "_dnsauth.04www.cloud.",
            "id": "/subscriptions/99b79efe-ebd6-468c-b39f-5669acb259e1/resourceGroups/04-t1-www-rg/providers/Microsoft.Network/dnsZones/04www.cloud/TXT/_dnsauth",
            "name": "_dnsauth",
            "record": [
              {
                "value": "_fi7zn0mxex2ow1ii7dubyk1ohyg9q2r"
              }
            ],
            "resource_group_name": "04-t1-www-rg",
            "tags": {},
            "timeouts": null,
            "ttl": 300,
            "zone_name": "04www.cloud"
          },
          "sensitive_attributes": [],
          "identity_schema_version": 0,
          "private": "eyJlMmJmYjczMC1lY2FhLTExZTYtOGY4OC0zNDM2M2JjN2M0YzAiOnsiY3JlYXRlIjoxODAwMDAwMDAwMDAwLCJkZWxldGUiOjE4MDAwMDAwMDAwMDAsInJlYWQiOjMwMDAwMDAwMDAwMCwidXBkYXRlIjoxODAwMDAwMDAwMDAwfSwic2NoZW1hX3ZlcnNpb24iOiIxIn0=",
          "dependencies": [
            "azurerm_resource_group.rg",
            "module.dns.azurerm_dns_zone.public",
            "module.edge.azurerm_cdn_frontdoor_custom_domain.apex_custom_domain",
            "module.edge.azurerm_cdn_frontdoor_profile.www_cdn",
            "module.edge.azurerm_cdn_frontdoor_secret.kv_cert_secret",
            "module.edge.azurerm_role_assignment.frontdoor_kv_role",
            "module.network_central.azurerm_subnet.subnets",
            "module.network_central.azurerm_virtual_network.vnet",
            "module.security.azurerm_key_vault.kv",
            "module.security.data.azurerm_client_config.current",
            "module.security.data.http.my_ip",
            "module.security.random_id.kv"
          ]
        }
      ]
    },
    {
      "module": "module.dns",
      "mode": "managed",
      "type": "azurerm_dns_txt_record",
      "name": "dmarc",
      "provider": "provider[\"registry.terraform.io/hashicorp/azurerm\"]",
      "instances": [
        {
          "schema_version": 1,
          "attributes": {
            "fqdn": "_dmarc.04www.cloud.",
            "id": "/subscriptions/99b79efe-ebd6-468c-b39f-5669acb259e1/resourceGroups/04-t1-www-rg/providers/Microsoft.Network/dnsZones/04www.cloud/TXT/_dmarc",
            "name": "_dmarc",
            "record": [
              {
                "value": "v=DMARC1; p=none; sp=none; rua=mailto:admin@04www.cloud"
              }
            ],
            "resource_group_name": "04-t1-www-rg",
            "tags": {},
            "timeouts": null,
            "ttl": 300,
            "zone_name": "04www.cloud"
          },
          "sensitive_attributes": [],
          "identity_schema_version": 0,
          "private": "eyJlMmJmYjczMC1lY2FhLTExZTYtOGY4OC0zNDM2M2JjN2M0YzAiOnsiY3JlYXRlIjoxODAwMDAwMDAwMDAwLCJkZWxldGUiOjE4MDAwMDAwMDAwMDAsInJlYWQiOjMwMDAwMDAwMDAwMCwidXBkYXRlIjoxODAwMDAwMDAwMDAwfSwic2NoZW1hX3ZlcnNpb24iOiIxIn0=",
          "dependencies": [
            "azurerm_resource_group.rg",
            "module.dns.azurerm_dns_zone.public"
          ]
        }
      ]
    },
    {
      "module": "module.dns",
      "mode": "managed",
      "type": "azurerm_dns_txt_record",
      "name": "spf",
      "provider": "provider[\"registry.terraform.io/hashicorp/azurerm\"]",
      "instances": [
        {
          "schema_version": 1,
          "attributes": {
            "fqdn": "04www.cloud.",
            "id": "/subscriptions/99b79efe-ebd6-468c-b39f-5669acb259e1/resourceGroups/04-t1-www-rg/providers/Microsoft.Network/dnsZones/04www.cloud/TXT/@",
            "name": "@",
            "record": [
              {
                "value": "v=spf1 a mx ip4:20.196.153.165 -all"
              }
            ],
            "resource_group_name": "04-t1-www-rg",
            "tags": {},
            "timeouts": null,
            "ttl": 300,
            "zone_name": "04www.cloud"
          },
          "sensitive_attributes": [],
          "identity_schema_version": 0,
          "private": "eyJlMmJmYjczMC1lY2FhLTExZTYtOGY4OC0zNDM2M2JjN2M0YzAiOnsiY3JlYXRlIjoxODAwMDAwMDAwMDAwLCJkZWxldGUiOjE4MDAwMDAwMDAwMDAsInJlYWQiOjMwMDAwMDAwMDAwMCwidXBkYXRlIjoxODAwMDAwMDAwMDAwfSwic2NoZW1hX3ZlcnNpb24iOiIxIn0=",
          "dependencies": [
            "azurerm_resource_group.rg",
            "module.compute.azurerm_public_ip.mail_pip",
            "module.dns.azurerm_dns_zone.public"
          ]
        }
      ]
    },
    {
      "module": "module.dns",
      "mode": "managed",
      "type": "azurerm_dns_txt_record",
      "name": "www_validation",
      "provider": "provider[\"registry.terraform.io/hashicorp/azurerm\"]",
      "instances": [
        {
          "schema_version": 1,
          "attributes": {
            "fqdn": "_dnsauth.www.04www.cloud.",
            "id": "/subscriptions/99b79efe-ebd6-468c-b39f-5669acb259e1/resourceGroups/04-t1-www-rg/providers/Microsoft.Network/dnsZones/04www.cloud/TXT/_dnsauth.www",
            "name": "_dnsauth.www",
            "record": [
              {
                "value": "_6wcq6jd75m1byvsp1qfusigot0945mj"
              }
            ],
            "resource_group_name": "04-t1-www-rg",
            "tags": {},
            "timeouts": null,
            "ttl": 300,
            "zone_name": "04www.cloud"
          },
          "sensitive_attributes": [],
          "identity_schema_version": 0,
          "private": "eyJlMmJmYjczMC1lY2FhLTExZTYtOGY4OC0zNDM2M2JjN2M0YzAiOnsiY3JlYXRlIjoxODAwMDAwMDAwMDAwLCJkZWxldGUiOjE4MDAwMDAwMDAwMDAsInJlYWQiOjMwMDAwMDAwMDAwMCwidXBkYXRlIjoxODAwMDAwMDAwMDAwfSwic2NoZW1hX3ZlcnNpb24iOiIxIn0=",
          "dependencies": [
            "azurerm_resource_group.rg",
            "module.dns.azurerm_dns_zone.public",
            "module.edge.azurerm_cdn_frontdoor_custom_domain.www_custom_domain",
            "module.edge.azurerm_cdn_frontdoor_profile.www_cdn",
            "module.edge.azurerm_cdn_frontdoor_secret.kv_cert_secret",
            "module.edge.azurerm_role_assignment.frontdoor_kv_role",
            "module.network_central.azurerm_subnet.subnets",
            "module.network_central.azurerm_virtual_network.vnet",
            "module.security.azurerm_key_vault.kv",
            "module.security.data.azurerm_client_config.current",
            "module.security.data.http.my_ip",
            "module.security.random_id.kv"
          ]
        }
      ]
    },
    {
      "module": "module.dns",
      "mode": "managed",
      "type": "azurerm_dns_zone",
      "name": "public",
      "provider": "provider[\"registry.terraform.io/hashicorp/azurerm\"]",
      "instances": [
        {
          "schema_version": 2,
          "attributes": {
            "id": "/subscriptions/99b79efe-ebd6-468c-b39f-5669acb259e1/resourceGroups/04-t1-www-rg/providers/Microsoft.Network/dnsZones/04www.cloud",
            "max_number_of_record_sets": 10000,
            "name": "04www.cloud",
            "name_servers": [
              "ns1-06.azure-dns.com.",
              "ns2-06.azure-dns.net.",
              "ns3-06.azure-dns.org.",
              "ns4-06.azure-dns.info."
            ],
            "number_of_record_sets": 10,
            "resource_group_name": "04-t1-www-rg",
            "soa_record": [
              {
                "email": "azuredns-hostmaster.microsoft.com",
                "expire_time": 2419200,
                "fqdn": "04www.cloud.",
                "host_name": "ns1-06.azure-dns.com.",
                "minimum_ttl": 300,
                "refresh_time": 3600,
                "retry_time": 300,
                "serial_number": 1,
                "tags": {},
                "ttl": 3600
              }
            ],
            "tags": {
              "Environment": "Production",
              "ManagedBy": "Terraform",
              "Purpose": "Public-DNS"
            },
            "timeouts": null
          },
          "sensitive_attributes": [],
          "identity_schema_version": 0,
          "private": "eyJlMmJmYjczMC1lY2FhLTExZTYtOGY4OC0zNDM2M2JjN2M0YzAiOnsiY3JlYXRlIjoxODAwMDAwMDAwMDAwLCJkZWxldGUiOjE4MDAwMDAwMDAwMDAsInJlYWQiOjMwMDAwMDAwMDAwMCwidXBkYXRlIjoxODAwMDAwMDAwMDAwfSwic2NoZW1hX3ZlcnNpb24iOiIyIn0=",
          "dependencies": [
            "azurerm_resource_group.rg"
          ]
        }
      ]
    },
    {
      "module": "module.edge",
      "mode": "managed",
      "type": "azurerm_cdn_frontdoor_custom_domain",
      "name": "apex_custom_domain",
      "provider": "provider[\"registry.terraform.io/hashicorp/azurerm\"]",
      "instances": [
        {
          "schema_version": 0,
          "attributes": {
            "cdn_frontdoor_profile_id": "/subscriptions/99b79efe-ebd6-468c-b39f-5669acb259e1/resourceGroups/04-t1-www-rg/providers/Microsoft.Cdn/profiles/www-cdn-profile",
            "dns_zone_id": "",
            "expiration_date": "2025-12-14T10:42:13.1799170+00:00",
            "host_name": "04www.cloud",
            "id": "/subscriptions/99b79efe-ebd6-468c-b39f-5669acb259e1/resourceGroups/04-t1-www-rg/providers/Microsoft.Cdn/profiles/www-cdn-profile/customDomains/apex-custom-domain",
            "name": "apex-custom-domain",
            "timeouts": null,
            "tls": [
              {
                "cdn_frontdoor_secret_id": "/subscriptions/99b79efe-ebd6-468c-b39f-5669acb259e1/resourceGroups/04-t1-www-rg/providers/Microsoft.Cdn/profiles/www-cdn-profile/secrets/0--ad4e2675-2104-4d75-b9e4-6245059b29e4-04www-cloud",
                "certificate_type": "ManagedCertificate",
                "minimum_tls_version": "TLS12"
              }
            ],
            "validation_token": "_fi7zn0mxex2ow1ii7dubyk1ohyg9q2r"
          },
          "sensitive_attributes": [],
          "identity_schema_version": 0,
          "private": "eyJlMmJmYjczMC1lY2FhLTExZTYtOGY4OC0zNDM2M2JjN2M0YzAiOnsiY3JlYXRlIjo0MzIwMDAwMDAwMDAwMCwiZGVsZXRlIjo0MzIwMDAwMDAwMDAwMCwicmVhZCI6MzAwMDAwMDAwMDAwLCJ1cGRhdGUiOjg2NDAwMDAwMDAwMDAwfX0=",
          "dependencies": [
            "azurerm_resource_group.rg",
            "module.edge.azurerm_cdn_frontdoor_profile.www_cdn",
            "module.edge.azurerm_cdn_frontdoor_secret.kv_cert_secret",
            "module.edge.azurerm_role_assignment.frontdoor_kv_role",
            "module.network_central.azurerm_subnet.subnets",
            "module.network_central.azurerm_virtual_network.vnet",
            "module.security.azurerm_key_vault.kv",
            "module.security.data.azurerm_client_config.current",
            "module.security.data.http.my_ip",
            "module.security.random_id.kv"
          ]
        }
      ]
    },
    {
      "module": "module.edge",
      "mode": "managed",
      "type": "azurerm_cdn_frontdoor_custom_domain",
      "name": "www_custom_domain",
      "provider": "provider[\"registry.terraform.io/hashicorp/azurerm\"]",
      "instances": [
        {
          "schema_version": 0,
          "attributes": {
            "cdn_frontdoor_profile_id": "/subscriptions/99b79efe-ebd6-468c-b39f-5669acb259e1/resourceGroups/04-t1-www-rg/providers/Microsoft.Cdn/profiles/www-cdn-profile",
            "dns_zone_id": "",
            "expiration_date": "2025-12-14T10:42:13.1920761+00:00",
            "host_name": "www.04www.cloud",
            "id": "/subscriptions/99b79efe-ebd6-468c-b39f-5669acb259e1/resourceGroups/04-t1-www-rg/providers/Microsoft.Cdn/profiles/www-cdn-profile/customDomains/www-custom-domain",
            "name": "www-custom-domain",
            "timeouts": null,
            "tls": [
              {
                "cdn_frontdoor_secret_id": "/subscriptions/99b79efe-ebd6-468c-b39f-5669acb259e1/resourceGroups/04-t1-www-rg/providers/Microsoft.Cdn/profiles/www-cdn-profile/secrets/0--d0c40c48-9ef2-438e-a420-90a89cc0b68b-www-04www-cloud",
                "certificate_type": "ManagedCertificate",
                "minimum_tls_version": "TLS12"
              }
            ],
            "validation_token": "_6wcq6jd75m1byvsp1qfusigot0945mj"
          },
          "sensitive_attributes": [],
          "identity_schema_version": 0,
          "private": "eyJlMmJmYjczMC1lY2FhLTExZTYtOGY4OC0zNDM2M2JjN2M0YzAiOnsiY3JlYXRlIjo0MzIwMDAwMDAwMDAwMCwiZGVsZXRlIjo0MzIwMDAwMDAwMDAwMCwicmVhZCI6MzAwMDAwMDAwMDAwLCJ1cGRhdGUiOjg2NDAwMDAwMDAwMDAwfX0=",
          "dependencies": [
            "azurerm_resource_group.rg",
            "module.edge.azurerm_cdn_frontdoor_profile.www_cdn",
            "module.edge.azurerm_cdn_frontdoor_secret.kv_cert_secret",
            "module.edge.azurerm_role_assignment.frontdoor_kv_role",
            "module.network_central.azurerm_subnet.subnets",
            "module.network_central.azurerm_virtual_network.vnet",
            "module.security.azurerm_key_vault.kv",
            "module.security.data.azurerm_client_config.current",
            "module.security.data.http.my_ip",
            "module.security.random_id.kv"
          ]
        }
      ]
    },
    {
      "module": "module.edge",
      "mode": "managed",
      "type": "azurerm_cdn_frontdoor_endpoint",
      "name": "www_fd_endpoint",
      "provider": "provider[\"registry.terraform.io/hashicorp/azurerm\"]",
      "instances": [
        {
          "schema_version": 0,
          "attributes": {
            "cdn_frontdoor_profile_id": "/subscriptions/99b79efe-ebd6-468c-b39f-5669acb259e1/resourceGroups/04-t1-www-rg/providers/Microsoft.Cdn/profiles/www-cdn-profile",
            "enabled": true,
            "host_name": "www-fd-endpoint-z98qcz-hyaydbg5gydufdah.a02.azurefd.net",
            "id": "/subscriptions/99b79efe-ebd6-468c-b39f-5669acb259e1/resourceGroups/04-t1-www-rg/providers/Microsoft.Cdn/profiles/www-cdn-profile/afdEndpoints/www-fd-endpoint-z98qcz",
            "name": "www-fd-endpoint-z98qcz",
            "tags": {},
            "timeouts": null
          },
          "sensitive_attributes": [],
          "identity_schema_version": 0,
          "private": "eyJlMmJmYjczMC1lY2FhLTExZTYtOGY4OC0zNDM2M2JjN2M0YzAiOnsiY3JlYXRlIjoxODAwMDAwMDAwMDAwLCJkZWxldGUiOjE4MDAwMDAwMDAwMDAsInJlYWQiOjMwMDAwMDAwMDAwMCwidXBkYXRlIjoxODAwMDAwMDAwMDAwfX0=",
          "dependencies": [
            "azurerm_resource_group.rg",
            "module.edge.azurerm_cdn_frontdoor_profile.www_cdn",
            "module.edge.random_string.cdn_suffix"
          ]
        }
      ]
    },
    {
      "module": "module.edge",
      "mode": "managed",
      "type": "azurerm_cdn_frontdoor_firewall_policy",
      "name": "waf_policy",
      "provider": "provider[\"registry.terraform.io/hashicorp/azurerm\"]",
      "instances": [
        {
          "schema_version": 0,
          "attributes": {
            "captcha_cookie_expiration_in_minutes": 30,
            "custom_block_response_body": "QWNjZXNzIERlbmllZCBieSBXQUY=",
            "custom_block_response_status_code": 403,
            "custom_rule": [],
            "enabled": true,
            "frontend_endpoint_ids": [],
            "id": "/subscriptions/99b79efe-ebd6-468c-b39f-5669acb259e1/resourceGroups/04-t1-www-rg/providers/Microsoft.Network/frontDoorWebApplicationFirewallPolicies/wwwfdwafpolicy4s89vp",
            "js_challenge_cookie_expiration_in_minutes": 30,
            "log_scrubbing": [],
            "managed_rule": [
              {
                "action": "Block",
                "exclusion": [],
                "override": [],
                "type": "Microsoft_DefaultRuleSet",
                "version": "2.1"
              }
            ],
            "mode": "Prevention",
            "name": "wwwfdwafpolicy4s89vp",
            "redirect_url": "",
            "request_body_check_enabled": true,
            "resource_group_name": "04-t1-www-rg",
            "sku_name": "Premium_AzureFrontDoor",
            "tags": {},
            "timeouts": null
          },
          "sensitive_attributes": [],
          "identity_schema_version": 0,
          "private": "eyJlMmJmYjczMC1lY2FhLTExZTYtOGY4OC0zNDM2M2JjN2M0YzAiOnsiY3JlYXRlIjoxODAwMDAwMDAwMDAwLCJkZWxldGUiOjE4MDAwMDAwMDAwMDAsInJlYWQiOjMwMDAwMDAwMDAwMCwidXBkYXRlIjoxODAwMDAwMDAwMDAwfX0=",
          "dependencies": [
            "azurerm_resource_group.rg",
            "module.edge.azurerm_cdn_frontdoor_profile.www_cdn",
            "module.edge.random_string.waf_suffix"
          ]
        }
      ]
    },
    {
      "module": "module.edge",
      "mode": "managed",
      "type": "azurerm_cdn_frontdoor_origin",
      "name": "www_fd_origin",
      "provider": "provider[\"registry.terraform.io/hashicorp/azurerm\"]",
      "instances": [
        {
          "schema_version": 0,
          "attributes": {
            "cdn_frontdoor_origin_group_id": "/subscriptions/99b79efe-ebd6-468c-b39f-5669acb259e1/resourceGroups/04-t1-www-rg/providers/Microsoft.Cdn/profiles/www-cdn-profile/originGroups/www-fd-origin-group",
            "certificate_name_check_enabled": false,
            "enabled": true,
            "host_name": "20.249.181.28",
            "http_port": 80,
            "https_port": 443,
            "id": "/subscriptions/99b79efe-ebd6-468c-b39f-5669acb259e1/resourceGroups/04-t1-www-rg/providers/Microsoft.Cdn/profiles/www-cdn-profile/originGroups/www-fd-origin-group/origins/www-fd-origin",
            "name": "www-fd-origin",
            "origin_host_header": "20.249.181.28",
            "priority": 1,
            "private_link": [],
            "timeouts": null,
            "weight": 1000
          },
          "sensitive_attributes": [],
          "identity_schema_version": 0,
          "private": "eyJlMmJmYjczMC1lY2FhLTExZTYtOGY4OC0zNDM2M2JjN2M0YzAiOnsiY3JlYXRlIjoxODAwMDAwMDAwMDAwLCJkZWxldGUiOjE4MDAwMDAwMDAwMDAsInJlYWQiOjMwMDAwMDAwMDAwMCwidXBkYXRlIjoxODAwMDAwMDAwMDAwfX0=",
          "dependencies": [
            "azurerm_resource_group.rg",
            "module.edge.azurerm_cdn_frontdoor_origin_group.www_fd_origin_group",
            "module.edge.azurerm_cdn_frontdoor_profile.www_cdn",
            "module.network_central.azurerm_public_ip.appgw_pip",
            "module.network_central.azurerm_public_ip.lb_pip"
          ]
        }
      ]
    },
    {
      "module": "module.edge",
      "mode": "managed",
      "type": "azurerm_cdn_frontdoor_origin_group",
      "name": "www_fd_origin_group",
      "provider": "provider[\"registry.terraform.io/hashicorp/azurerm\"]",
      "instances": [
        {
          "schema_version": 0,
          "attributes": {
            "cdn_frontdoor_profile_id": "/subscriptions/99b79efe-ebd6-468c-b39f-5669acb259e1/resourceGroups/04-t1-www-rg/providers/Microsoft.Cdn/profiles/www-cdn-profile",
            "health_probe": [
              {
                "interval_in_seconds": 30,
                "path": "/",
                "protocol": "Http",
                "request_type": "GET"
              }
            ],
            "id": "/subscriptions/99b79efe-ebd6-468c-b39f-5669acb259e1/resourceGroups/04-t1-www-rg/providers/Microsoft.Cdn/profiles/www-cdn-profile/originGroups/www-fd-origin-group",
            "load_balancing": [
              {
                "additional_latency_in_milliseconds": 50,
                "sample_size": 4,
                "successful_samples_required": 3
              }
            ],
            "name": "www-fd-origin-group",
            "restore_traffic_time_to_healed_or_new_endpoint_in_minutes": 10,
            "session_affinity_enabled": false,
            "timeouts": null
          },
          "sensitive_attributes": [],
          "identity_schema_version": 0,
          "private": "eyJlMmJmYjczMC1lY2FhLTExZTYtOGY4OC0zNDM2M2JjN2M0YzAiOnsiY3JlYXRlIjoxODAwMDAwMDAwMDAwLCJkZWxldGUiOjE4MDAwMDAwMDAwMDAsInJlYWQiOjMwMDAwMDAwMDAwMCwidXBkYXRlIjoxODAwMDAwMDAwMDAwfX0=",
          "dependencies": [
            "azurerm_resource_group.rg",
            "module.edge.azurerm_cdn_frontdoor_profile.www_cdn"
          ]
        }
      ]
    },
    {
      "module": "module.edge",
      "mode": "managed",
      "type": "azurerm_cdn_frontdoor_profile",
      "name": "www_cdn",
      "provider": "provider[\"registry.terraform.io/hashicorp/azurerm\"]",
      "instances": [
        {
          "schema_version": 0,
          "attributes": {
            "id": "/subscriptions/99b79efe-ebd6-468c-b39f-5669acb259e1/resourceGroups/04-t1-www-rg/providers/Microsoft.Cdn/profiles/www-cdn-profile",
            "identity": [
              {
                "identity_ids": [],
                "principal_id": "c84a7473-3497-468d-b2ff-649fb3b25288",
                "tenant_id": "548e9ef4-b1d5-48fa-b220-59f52d6db511",
                "type": "SystemAssigned"
              }
            ],
            "log_scrubbing_rule": [],
            "name": "www-cdn-profile",
            "resource_group_name": "04-t1-www-rg",
            "resource_guid": "5644fd63-7594-4d13-b6b7-9cb17d81a7f5",
            "response_timeout_seconds": 120,
            "sku_name": "Premium_AzureFrontDoor",
            "tags": {},
            "timeouts": {
              "create": "60m",
              "delete": "60m",
              "read": null,
              "update": "60m"
            }
          },
          "sensitive_attributes": [],
          "identity_schema_version": 0,
          "private": "eyJlMmJmYjczMC1lY2FhLTExZTYtOGY4OC0zNDM2M2JjN2M0YzAiOnsiY3JlYXRlIjozNjAwMDAwMDAwMDAwLCJkZWxldGUiOjM2MDAwMDAwMDAwMDAsInJlYWQiOjMwMDAwMDAwMDAwMCwidXBkYXRlIjozNjAwMDAwMDAwMDAwfX0=",
          "dependencies": [
            "azurerm_resource_group.rg"
          ]
        }
      ]
    },
    {
      "module": "module.edge",
      "mode": "managed",
      "type": "azurerm_cdn_frontdoor_route",
      "name": "www_fd_route",
      "provider": "provider[\"registry.terraform.io/hashicorp/azurerm\"]",
      "instances": [
        {
          "schema_version": 0,
          "attributes": {
            "cache": [],
            "cdn_frontdoor_custom_domain_ids": [
              "/subscriptions/99b79efe-ebd6-468c-b39f-5669acb259e1/resourceGroups/04-t1-www-rg/providers/Microsoft.Cdn/profiles/www-cdn-profile/customDomains/apex-custom-domain",
              "/subscriptions/99b79efe-ebd6-468c-b39f-5669acb259e1/resourceGroups/04-t1-www-rg/providers/Microsoft.Cdn/profiles/www-cdn-profile/customDomains/www-custom-domain"
            ],
            "cdn_frontdoor_endpoint_id": "/subscriptions/99b79efe-ebd6-468c-b39f-5669acb259e1/resourceGroups/04-t1-www-rg/providers/Microsoft.Cdn/profiles/www-cdn-profile/afdEndpoints/www-fd-endpoint-z98qcz",
            "cdn_frontdoor_origin_group_id": "/subscriptions/99b79efe-ebd6-468c-b39f-5669acb259e1/resourceGroups/04-t1-www-rg/providers/Microsoft.Cdn/profiles/www-cdn-profile/originGroups/www-fd-origin-group",
            "cdn_frontdoor_origin_ids": [
              "/subscriptions/99b79efe-ebd6-468c-b39f-5669acb259e1/resourceGroups/04-t1-www-rg/providers/Microsoft.Cdn/profiles/www-cdn-profile/originGroups/www-fd-origin-group/origins/www-fd-origin"
            ],
            "cdn_frontdoor_origin_path": "",
            "cdn_frontdoor_rule_set_ids": [],
            "enabled": true,
            "forwarding_protocol": "HttpOnly",
            "https_redirect_enabled": true,
            "id": "/subscriptions/99b79efe-ebd6-468c-b39f-5669acb259e1/resourceGroups/04-t1-www-rg/providers/Microsoft.Cdn/profiles/www-cdn-profile/afdEndpoints/www-fd-endpoint-z98qcz/routes/www-fd-route",
            "link_to_default_domain": true,
            "name": "www-fd-route",
            "patterns_to_match": [
              "/*"
            ],
            "supported_protocols": [
              "Http",
              "Https"
            ],
            "timeouts": null
          },
          "sensitive_attributes": [],
          "identity_schema_version": 0,
          "private": "eyJlMmJmYjczMC1lY2FhLTExZTYtOGY4OC0zNDM2M2JjN2M0YzAiOnsiY3JlYXRlIjoxODAwMDAwMDAwMDAwLCJkZWxldGUiOjE4MDAwMDAwMDAwMDAsInJlYWQiOjMwMDAwMDAwMDAwMCwidXBkYXRlIjoxODAwMDAwMDAwMDAwfX0=",
          "dependencies": [
            "azurerm_resource_group.rg",
            "module.edge.azurerm_cdn_frontdoor_custom_domain.apex_custom_domain",
            "module.edge.azurerm_cdn_frontdoor_custom_domain.www_custom_domain",
            "module.edge.azurerm_cdn_frontdoor_endpoint.www_fd_endpoint",
            "module.edge.azurerm_cdn_frontdoor_origin.www_fd_origin",
            "module.edge.azurerm_cdn_frontdoor_origin_group.www_fd_origin_group",
            "module.edge.azurerm_cdn_frontdoor_profile.www_cdn",
            "module.edge.azurerm_cdn_frontdoor_secret.kv_cert_secret",
            "module.edge.azurerm_role_assignment.frontdoor_kv_role",
            "module.edge.random_string.cdn_suffix",
            "module.network_central.azurerm_public_ip.appgw_pip",
            "module.network_central.azurerm_public_ip.lb_pip",
            "module.network_central.azurerm_subnet.subnets",
            "module.network_central.azurerm_virtual_network.vnet",
            "module.security.azurerm_key_vault.kv",
            "module.security.data.azurerm_client_config.current",
            "module.security.data.http.my_ip",
            "module.security.random_id.kv"
          ]
        }
      ]
    },
    {
      "module": "module.edge",
      "mode": "managed",
      "type": "azurerm_cdn_frontdoor_security_policy",
      "name": "waf_association",
      "provider": "provider[\"registry.terraform.io/hashicorp/azurerm\"]",
      "instances": [
        {
          "schema_version": 0,
          "attributes": {
            "cdn_frontdoor_profile_id": "/subscriptions/99b79efe-ebd6-468c-b39f-5669acb259e1/resourceGroups/04-t1-www-rg/providers/Microsoft.Cdn/profiles/www-cdn-profile",
            "id": "/subscriptions/99b79efe-ebd6-468c-b39f-5669acb259e1/resourceGroups/04-t1-www-rg/providers/Microsoft.Cdn/profiles/www-cdn-profile/securityPolicies/www-waf-association",
            "name": "www-waf-association",
            "security_policies": [
              {
                "firewall": [
                  {
                    "association": [
                      {
                        "domain": [
                          {
                            "active": true,
                            "cdn_frontdoor_domain_id": "/subscriptions/99b79efe-ebd6-468c-b39f-5669acb259e1/resourceGroups/04-t1-www-rg/providers/Microsoft.Cdn/profiles/www-cdn-profile/afdEndpoints/www-fd-endpoint-z98qcz"
                          }
                        ],
                        "patterns_to_match": [
                          "/*"
                        ]
                      }
                    ],
                    "cdn_frontdoor_firewall_policy_id": "/subscriptions/99b79efe-ebd6-468c-b39f-5669acb259e1/resourceGroups/04-t1-www-rg/providers/Microsoft.Network/frontDoorWebApplicationFirewallPolicies/wwwfdwafpolicy4s89vp"
                  }
                ]
              }
            ],
            "timeouts": null
          },
          "sensitive_attributes": [],
          "identity_schema_version": 0,
          "private": "eyJlMmJmYjczMC1lY2FhLTExZTYtOGY4OC0zNDM2M2JjN2M0YzAiOnsiY3JlYXRlIjoxODAwMDAwMDAwMDAwLCJkZWxldGUiOjE4MDAwMDAwMDAwMDAsInJlYWQiOjMwMDAwMDAwMDAwMCwidXBkYXRlIjoxODAwMDAwMDAwMDAwfX0=",
          "dependencies": [
            "azurerm_resource_group.rg",
            "module.edge.azurerm_cdn_frontdoor_endpoint.www_fd_endpoint",
            "module.edge.azurerm_cdn_frontdoor_firewall_policy.waf_policy",
            "module.edge.azurerm_cdn_frontdoor_profile.www_cdn",
            "module.edge.random_string.cdn_suffix",
            "module.edge.random_string.waf_suffix"
          ]
        }
      ]
    },
    {
      "module": "module.edge",
      "mode": "managed",
      "type": "random_string",
      "name": "cdn_suffix",
      "provider": "provider[\"registry.terraform.io/hashicorp/random\"]",
      "instances": [
        {
          "schema_version": 2,
          "attributes": {
            "id": "z98qcz",
            "keepers": null,
            "length": 6,
            "lower": true,
            "min_lower": 0,
            "min_numeric": 0,
            "min_special": 0,
            "min_upper": 0,
            "number": true,
            "numeric": true,
            "override_special": null,
            "result": "z98qcz",
            "special": false,
            "upper": false
          },
          "sensitive_attributes": [],
          "identity_schema_version": 0
        }
      ]
    },
    {
      "module": "module.edge",
      "mode": "managed",
      "type": "random_string",
      "name": "waf_suffix",
      "provider": "provider[\"registry.terraform.io/hashicorp/random\"]",
      "instances": [
        {
          "schema_version": 2,
          "attributes": {
            "id": "4s89vp",
            "keepers": null,
            "length": 6,
            "lower": true,
            "min_lower": 0,
            "min_numeric": 0,
            "min_special": 0,
            "min_upper": 0,
            "number": true,
            "numeric": true,
            "override_special": null,
            "result": "4s89vp",
            "special": false,
            "upper": false
          },
          "sensitive_attributes": [],
          "identity_schema_version": 0
        }
      ]
    },
    {
      "module": "module.governance",
      "mode": "data",
      "type": "azurerm_client_config",
      "name": "current",
      "provider": "provider[\"registry.terraform.io/hashicorp/azurerm\"]",
      "instances": [
        {
          "schema_version": 0,
          "attributes": {
            "client_id": "04b07795-8ddb-461a-bbee-02f9e1bf7b46",
            "id": "Y2xpZW50Q29uZmlncy9jbGllbnRJZD0wNGIwNzc5NS04ZGRiLTQ2MWEtYmJlZS0wMmY5ZTFiZjdiNDY7b2JqZWN0SWQ9NDkyMTMxYjYtNjcxYi00M2YxLWFjMWUtZGI2YTI2MjIyNTY5O3N1YnNjcmlwdGlvbklkPTk5Yjc5ZWZlLWViZDYtNDY4Yy1iMzlmLTU2NjlhY2IyNTllMTt0ZW5hbnRJZD01NDhlOWVmNC1iMWQ1LTQ4ZmEtYjIyMC01OWY1MmQ2ZGI1MTE=",
            "object_id": "492131b6-671b-43f1-ac1e-db6a26222569",
            "subscription_id": "99b79efe-ebd6-468c-b39f-5669acb259e1",
            "tenant_id": "548e9ef4-b1d5-48fa-b220-59f52d6db511",
            "timeouts": null
          },
          "sensitive_attributes": [],
          "identity_schema_version": 0
        }
      ]
    },
    {
      "module": "module.governance",
      "mode": "managed",
      "type": "azurerm_management_lock",
      "name": "db_lock",
      "provider": "provider[\"registry.terraform.io/hashicorp/azurerm\"]",
      "instances": [
        {
          "schema_version": 0,
          "attributes": {
            "id": "/subscriptions/99b79efe-ebd6-468c-b39f-5669acb259e1/resourceGroups/04-t1-www-rg/providers/Microsoft.DBforMySQL/flexibleServers/www-mysql-server-d5gm/providers/Microsoft.Authorization/locks/mysql-delete-lock",
            "lock_level": "CanNotDelete",
            "name": "mysql-delete-lock",
            "notes": "Critical Production Database - Deletion Prevented",
            "scope": "/subscriptions/99b79efe-ebd6-468c-b39f-5669acb259e1/resourceGroups/04-t1-www-rg/providers/Microsoft.DBforMySQL/flexibleServers/www-mysql-server-d5gm",
            "timeouts": null
          },
          "sensitive_attributes": [],
          "identity_schema_version": 0,
          "private": "eyJlMmJmYjczMC1lY2FhLTExZTYtOGY4OC0zNDM2M2JjN2M0YzAiOnsiY3JlYXRlIjoxODAwMDAwMDAwMDAwLCJkZWxldGUiOjE4MDAwMDAwMDAwMDAsInJlYWQiOjMwMDAwMDAwMDAwMH19",
          "dependencies": [
            "azurerm_resource_group.rg",
            "module.database.azurerm_mysql_flexible_server.www_mysql",
            "module.database.random_string.mysql_suffix"
          ]
        }
      ]
    },
    {
      "module": "module.governance",
      "mode": "managed",
      "type": "azurerm_policy_definition",
      "name": "allowed_locations",
      "provider": "provider[\"registry.terraform.io/hashicorp/azurerm\"]",
      "instances": [
        {
          "schema_version": 0,
          "attributes": {
            "description": "This policy enables you to restrict the locations your organization can specify when deploying resources.",
            "display_name": "Allowed Locations (eevkpt)",
            "id": "/subscriptions/99b79efe-ebd6-468c-b39f-5669acb259e1/providers/Microsoft.Authorization/policyDefinitions/allowed-locations-eevkpt",
            "management_group_id": "",
            "metadata": "{\"category\":\"General\",\"createdBy\":\"492131b6-671b-43f1-ac1e-db6a26222569\",\"createdOn\":\"2025-12-07T11:42:57.0785771Z\",\"updatedBy\":null,\"updatedOn\":null}",
            "mode": "Indexed",
            "name": "allowed-locations-eevkpt",
            "parameters": "",
            "policy_rule": "{\"if\":{\"not\":{\"field\":\"location\",\"in\":[\"koreacentral\",\"global\"]}},\"then\":{\"effect\":\"Deny\"}}",
            "policy_type": "Custom",
            "role_definition_ids": [],
            "timeouts": null
          },
          "sensitive_attributes": [],
          "identity_schema_version": 0,
          "private": "eyJlMmJmYjczMC1lY2FhLTExZTYtOGY4OC0zNDM2M2JjN2M0YzAiOnsiY3JlYXRlIjoxODAwMDAwMDAwMDAwLCJkZWxldGUiOjE4MDAwMDAwMDAwMDAsInJlYWQiOjMwMDAwMDAwMDAwMCwidXBkYXRlIjoxODAwMDAwMDAwMDAwfX0=",
          "dependencies": [
            "module.governance.random_string.policy_suffix"
          ],
          "create_before_destroy": true
        }
      ]
    },
    {
      "module": "module.governance",
      "mode": "managed",
      "type": "azurerm_policy_definition",
      "name": "secure_transfer",
      "provider": "provider[\"registry.terraform.io/hashicorp/azurerm\"]",
      "instances": [
        {
          "schema_version": 0,
          "attributes": {
            "description": "Force Secure Transfer Required to be set to true on Storage Accounts.",
            "display_name": "Secure Transfer Required (eevkpt)",
            "id": "/subscriptions/99b79efe-ebd6-468c-b39f-5669acb259e1/providers/Microsoft.Authorization/policyDefinitions/secure-transfer-eevkpt",
            "management_group_id": "",
            "metadata": "{\"category\":\"Storage\",\"createdBy\":\"492131b6-671b-43f1-ac1e-db6a26222569\",\"createdOn\":\"2025-12-07T11:42:56.8696553Z\",\"updatedBy\":null,\"updatedOn\":null}",
            "mode": "Indexed",
            "name": "secure-transfer-eevkpt",
            "parameters": "",
            "policy_rule": "{\"if\":{\"allOf\":[{\"equals\":\"Microsoft.Storage/storageAccounts\",\"field\":\"type\"},{\"field\":\"Microsoft.Storage/storageAccounts/supportsHttpsTrafficOnly\",\"notEquals\":\"true\"}]},\"then\":{\"effect\":\"Deny\"}}",
            "policy_type": "Custom",
            "role_definition_ids": [],
            "timeouts": null
          },
          "sensitive_attributes": [],
          "identity_schema_version": 0,
          "private": "eyJlMmJmYjczMC1lY2FhLTExZTYtOGY4OC0zNDM2M2JjN2M0YzAiOnsiY3JlYXRlIjoxODAwMDAwMDAwMDAwLCJkZWxldGUiOjE4MDAwMDAwMDAwMDAsInJlYWQiOjMwMDAwMDAwMDAwMCwidXBkYXRlIjoxODAwMDAwMDAwMDAwfX0=",
          "dependencies": [
            "module.governance.random_string.policy_suffix"
          ],
          "create_before_destroy": true
        }
      ]
    },
    {
      "module": "module.governance",
      "mode": "managed",
      "type": "azurerm_resource_group_policy_assignment",
      "name": "allowed_locations",
      "provider": "provider[\"registry.terraform.io/hashicorp/azurerm\"]",
      "instances": [
        {
          "schema_version": 0,
          "attributes": {
            "description": "정책은 리소스를 한국 리전(Central, South)에만 배포하도록 제한합니다.",
            "display_name": "Allowed Locations - Korea Only",
            "enforce": true,
            "id": "/subscriptions/99b79efe-ebd6-468c-b39f-5669acb259e1/resourceGroups/04-t1-www-rg/providers/Microsoft.Authorization/policyAssignments/allowed-locations",
            "identity": [],
            "location": "",
            "metadata": "{\"createdBy\":\"492131b6-671b-43f1-ac1e-db6a26222569\",\"createdOn\":\"2025-12-07T10:38:22.7523281Z\",\"updatedBy\":null,\"updatedOn\":null}",
            "name": "allowed-locations",
            "non_compliance_message": [],
            "not_scopes": [],
            "overrides": [],
            "parameters": "{\"listOfAllowedLocations\":{\"value\":[\"koreacentral\",\"koreasouth\"]}}",
            "policy_definition_id": "/providers/Microsoft.Authorization/policyDefinitions/e56962a6-4747-49cd-b67b-bf8b01975c4c",
            "resource_group_id": "/subscriptions/99b79efe-ebd6-468c-b39f-5669acb259e1/resourceGroups/04-t1-www-rg",
            "resource_selectors": [],
            "timeouts": null
          },
          "sensitive_attributes": [],
          "identity_schema_version": 0,
          "private": "eyJlMmJmYjczMC1lY2FhLTExZTYtOGY4OC0zNDM2M2JjN2M0YzAiOnsiY3JlYXRlIjoxODAwMDAwMDAwMDAwLCJkZWxldGUiOjE4MDAwMDAwMDAwMDAsInJlYWQiOjMwMDAwMDAwMDAwMCwidXBkYXRlIjoxODAwMDAwMDAwMDAwfX0=",
          "dependencies": [
            "azurerm_resource_group.rg"
          ]
        }
      ]
    },
    {
      "module": "module.governance",
      "mode": "managed",
      "type": "azurerm_resource_group_policy_assignment",
      "name": "assign_allowed_locations",
      "provider": "provider[\"registry.terraform.io/hashicorp/azurerm\"]",
      "instances": [
        {
          "schema_version": 0,
          "attributes": {
            "description": "",
            "display_name": "",
            "enforce": true,
            "id": "/subscriptions/99b79efe-ebd6-468c-b39f-5669acb259e1/resourceGroups/04-t1-www-rg/providers/Microsoft.Authorization/policyAssignments/assign-allowed-locations",
            "identity": [],
            "location": "",
            "metadata": "{\"createdBy\":\"492131b6-671b-43f1-ac1e-db6a26222569\",\"createdOn\":\"2025-12-07T11:44:30.2195507Z\",\"updatedBy\":null,\"updatedOn\":null}",
            "name": "assign-allowed-locations",
            "non_compliance_message": [],
            "not_scopes": [],
            "overrides": [],
            "parameters": "",
            "policy_definition_id": "/subscriptions/99b79efe-ebd6-468c-b39f-5669acb259e1/providers/Microsoft.Authorization/policyDefinitions/allowed-locations-eevkpt",
            "resource_group_id": "/subscriptions/99b79efe-ebd6-468c-b39f-5669acb259e1/resourceGroups/04-t1-www-rg",
            "resource_selectors": [],
            "timeouts": null
          },
          "sensitive_attributes": [],
          "identity_schema_version": 0,
          "private": "eyJlMmJmYjczMC1lY2FhLTExZTYtOGY4OC0zNDM2M2JjN2M0YzAiOnsiY3JlYXRlIjoxODAwMDAwMDAwMDAwLCJkZWxldGUiOjE4MDAwMDAwMDAwMDAsInJlYWQiOjMwMDAwMDAwMDAwMCwidXBkYXRlIjoxODAwMDAwMDAwMDAwfX0=",
          "dependencies": [
            "azurerm_resource_group.rg",
            "module.governance.azurerm_policy_definition.allowed_locations",
            "module.governance.data.azurerm_client_config.current",
            "module.governance.random_string.policy_suffix"
          ]
        }
      ]
    },
    {
      "module": "module.governance",
      "mode": "managed",
      "type": "azurerm_resource_group_policy_assignment",
      "name": "assign_secure_transfer",
      "provider": "provider[\"registry.terraform.io/hashicorp/azurerm\"]",
      "instances": [
        {
          "schema_version": 0,
          "attributes": {
            "description": "",
            "display_name": "",
            "enforce": true,
            "id": "/subscriptions/99b79efe-ebd6-468c-b39f-5669acb259e1/resourceGroups/04-t1-www-rg/providers/Microsoft.Authorization/policyAssignments/assign-secure-transfer",
            "identity": [],
            "location": "",
            "metadata": "{\"createdBy\":\"492131b6-671b-43f1-ac1e-db6a26222569\",\"createdOn\":\"2025-12-07T11:44:29.803881Z\",\"updatedBy\":null,\"updatedOn\":null}",
            "name": "assign-secure-transfer",
            "non_compliance_message": [],
            "not_scopes": [],
            "overrides": [],
            "parameters": "",
            "policy_definition_id": "/subscriptions/99b79efe-ebd6-468c-b39f-5669acb259e1/providers/Microsoft.Authorization/policyDefinitions/secure-transfer-eevkpt",
            "resource_group_id": "/subscriptions/99b79efe-ebd6-468c-b39f-5669acb259e1/resourceGroups/04-t1-www-rg",
            "resource_selectors": [],
            "timeouts": null
          },
          "sensitive_attributes": [],
          "identity_schema_version": 0,
          "private": "eyJlMmJmYjczMC1lY2FhLTExZTYtOGY4OC0zNDM2M2JjN2M0YzAiOnsiY3JlYXRlIjoxODAwMDAwMDAwMDAwLCJkZWxldGUiOjE4MDAwMDAwMDAwMDAsInJlYWQiOjMwMDAwMDAwMDAwMCwidXBkYXRlIjoxODAwMDAwMDAwMDAwfX0=",
          "dependencies": [
            "azurerm_resource_group.rg",
            "module.governance.azurerm_policy_definition.secure_transfer",
            "module.governance.data.azurerm_client_config.current",
            "module.governance.random_string.policy_suffix"
          ]
        }
      ]
    },
    {
      "module": "module.governance",
      "mode": "managed",
      "type": "azurerm_resource_group_policy_assignment",
      "name": "require_tag",
      "provider": "provider[\"registry.terraform.io/hashicorp/azurerm\"]",
      "instances": [
        {
          "schema_version": 0,
          "attributes": {
            "description": "리소스 그룹은 특정 태그가 필요합니다.",
            "display_name": "Require a tag on resource groups",
            "enforce": true,
            "id": "/subscriptions/99b79efe-ebd6-468c-b39f-5669acb259e1/resourceGroups/04-t1-www-rg/providers/Microsoft.Authorization/policyAssignments/require-tag-env",
            "identity": [],
            "location": "",
            "metadata": "{\"createdBy\":\"492131b6-671b-43f1-ac1e-db6a26222569\",\"createdOn\":\"2025-12-07T10:38:29.2048744Z\",\"updatedBy\":null,\"updatedOn\":null}",
            "name": "require-tag-env",
            "non_compliance_message": [],
            "not_scopes": [],
            "overrides": [],
            "parameters": "{\"tagName\":{\"value\":\"Environment\"}}",
            "policy_definition_id": "/providers/Microsoft.Authorization/policyDefinitions/96670d01-0a4d-4649-9c89-2d3abc0a5025",
            "resource_group_id": "/subscriptions/99b79efe-ebd6-468c-b39f-5669acb259e1/resourceGroups/04-t1-www-rg",
            "resource_selectors": [],
            "timeouts": null
          },
          "sensitive_attributes": [],
          "identity_schema_version": 0,
          "private": "eyJlMmJmYjczMC1lY2FhLTExZTYtOGY4OC0zNDM2M2JjN2M0YzAiOnsiY3JlYXRlIjoxODAwMDAwMDAwMDAwLCJkZWxldGUiOjE4MDAwMDAwMDAwMDAsInJlYWQiOjMwMDAwMDAwMDAwMCwidXBkYXRlIjoxODAwMDAwMDAwMDAwfX0=",
          "dependencies": [
            "azurerm_resource_group.rg"
          ]
        }
      ]
    },
    {
      "module": "module.governance",
      "mode": "managed",
      "type": "azurerm_resource_group_policy_assignment",
      "name": "storage_https_only",
      "provider": "provider[\"registry.terraform.io/hashicorp/azurerm\"]",
      "instances": [
        {
          "schema_version": 0,
          "attributes": {
            "description": "Storage Account는 HTTPS를 통해서만 액세스할 수 있어야 합니다.",
            "display_name": "Storage Accounts - Secure transfer required",
            "enforce": true,
            "id": "/subscriptions/99b79efe-ebd6-468c-b39f-5669acb259e1/resourceGroups/04-t1-www-rg/providers/Microsoft.Authorization/policyAssignments/storage-https-only",
            "identity": [],
            "location": "",
            "metadata": "{\"createdBy\":\"492131b6-671b-43f1-ac1e-db6a26222569\",\"createdOn\":\"2025-12-07T10:38:23.1858028Z\",\"updatedBy\":null,\"updatedOn\":null}",
            "name": "storage-https-only",
            "non_compliance_message": [],
            "not_scopes": [],
            "overrides": [],
            "parameters": "",
            "policy_definition_id": "/providers/Microsoft.Authorization/policyDefinitions/404c3081-a854-4457-ae30-26a93ef643f9",
            "resource_group_id": "/subscriptions/99b79efe-ebd6-468c-b39f-5669acb259e1/resourceGroups/04-t1-www-rg",
            "resource_selectors": [],
            "timeouts": null
          },
          "sensitive_attributes": [],
          "identity_schema_version": 0,
          "private": "eyJlMmJmYjczMC1lY2FhLTExZTYtOGY4OC0zNDM2M2JjN2M0YzAiOnsiY3JlYXRlIjoxODAwMDAwMDAwMDAwLCJkZWxldGUiOjE4MDAwMDAwMDAwMDAsInJlYWQiOjMwMDAwMDAwMDAwMCwidXBkYXRlIjoxODAwMDAwMDAwMDAwfX0=",
          "dependencies": [
            "azurerm_resource_group.rg"
          ]
        }
      ]
    },
    {
      "module": "module.governance",
      "mode": "managed",
      "type": "azurerm_resource_group_policy_assignment",
      "name": "subnet_nsg_required",
      "provider": "provider[\"registry.terraform.io/hashicorp/azurerm\"]",
      "instances": [
        {
          "schema_version": 0,
          "attributes": {
            "description": "정책은 NSG가 없는 서브넷을 감사합니다.",
            "display_name": "Subnets should have a Network Security Group",
            "enforce": true,
            "id": "/subscriptions/99b79efe-ebd6-468c-b39f-5669acb259e1/resourceGroups/04-t1-www-rg/providers/Microsoft.Authorization/policyAssignments/subnet-nsg-required",
            "identity": [],
            "location": "",
            "metadata": "{\"createdBy\":\"492131b6-671b-43f1-ac1e-db6a26222569\",\"createdOn\":\"2025-12-07T10:38:22.8515871Z\",\"updatedBy\":null,\"updatedOn\":null}",
            "name": "subnet-nsg-required",
            "non_compliance_message": [],
            "not_scopes": [],
            "overrides": [],
            "parameters": "",
            "policy_definition_id": "/providers/Microsoft.Authorization/policyDefinitions/e71308d3-144b-4262-b144-efdc3cc90517",
            "resource_group_id": "/subscriptions/99b79efe-ebd6-468c-b39f-5669acb259e1/resourceGroups/04-t1-www-rg",
            "resource_selectors": [],
            "timeouts": null
          },
          "sensitive_attributes": [],
          "identity_schema_version": 0,
          "private": "eyJlMmJmYjczMC1lY2FhLTExZTYtOGY4OC0zNDM2M2JjN2M0YzAiOnsiY3JlYXRlIjoxODAwMDAwMDAwMDAwLCJkZWxldGUiOjE4MDAwMDAwMDAwMDAsInJlYWQiOjMwMDAwMDAwMDAwMCwidXBkYXRlIjoxODAwMDAwMDAwMDAwfX0=",
          "dependencies": [
            "azurerm_resource_group.rg"
          ]
        }
      ]
    },
    {
      "module": "module.governance",
      "mode": "managed",
      "type": "azurerm_resource_group_policy_assignment",
      "name": "vm_managed_disk",
      "provider": "provider[\"registry.terraform.io/hashicorp/azurerm\"]",
      "instances": [
        {
          "schema_version": 0,
          "attributes": {
            "description": "정책은 관리 디스크를 사용하지 않는 VM을 감사합니다.",
            "display_name": "Audit VMs that do not use managed disks",
            "enforce": true,
            "id": "/subscriptions/99b79efe-ebd6-468c-b39f-5669acb259e1/resourceGroups/04-t1-www-rg/providers/Microsoft.Authorization/policyAssignments/vm-managed-disk",
            "identity": [],
            "location": "",
            "metadata": "{\"createdBy\":\"492131b6-671b-43f1-ac1e-db6a26222569\",\"createdOn\":\"2025-12-07T10:38:24.1860754Z\",\"updatedBy\":null,\"updatedOn\":null}",
            "name": "vm-managed-disk",
            "non_compliance_message": [],
            "not_scopes": [],
            "overrides": [],
            "parameters": "",
            "policy_definition_id": "/providers/Microsoft.Authorization/policyDefinitions/06a78e20-9358-41c9-923c-fb736d382a4d",
            "resource_group_id": "/subscriptions/99b79efe-ebd6-468c-b39f-5669acb259e1/resourceGroups/04-t1-www-rg",
            "resource_selectors": [],
            "timeouts": null
          },
          "sensitive_attributes": [],
          "identity_schema_version": 0,
          "private": "eyJlMmJmYjczMC1lY2FhLTExZTYtOGY4OC0zNDM2M2JjN2M0YzAiOnsiY3JlYXRlIjoxODAwMDAwMDAwMDAwLCJkZWxldGUiOjE4MDAwMDAwMDAwMDAsInJlYWQiOjMwMDAwMDAwMDAwMCwidXBkYXRlIjoxODAwMDAwMDAwMDAwfX0=",
          "dependencies": [
            "azurerm_resource_group.rg"
          ]
        }
      ]
    },
    {
      "module": "module.governance",
      "mode": "managed",
      "type": "random_string",
      "name": "policy_suffix",
      "provider": "provider[\"registry.terraform.io/hashicorp/random\"]",
      "instances": [
        {
          "schema_version": 2,
          "attributes": {
            "id": "eevkpt",
            "keepers": null,
            "length": 6,
            "lower": true,
            "min_lower": 0,
            "min_numeric": 0,
            "min_special": 0,
            "min_upper": 0,
            "number": true,
            "numeric": true,
            "override_special": null,
            "result": "eevkpt",
            "special": false,
            "upper": false
          },
          "sensitive_attributes": [],
          "identity_schema_version": 0,
          "create_before_destroy": true
        }
      ]
    },
    {
      "module": "module.hub",
      "mode": "managed",
      "type": "azurerm_bastion_host",
      "name": "hub_bastion",
      "provider": "provider[\"registry.terraform.io/hashicorp/azurerm\"]",
      "instances": [
        {
          "schema_version": 0,
          "attributes": {
            "copy_paste_enabled": true,
            "dns_name": "bst-be5d8ba4-dfd0-4b11-94b3-9cbbf580ef7f.bastion.azure.com",
            "file_copy_enabled": true,
            "id": "/subscriptions/99b79efe-ebd6-468c-b39f-5669acb259e1/resourceGroups/04-t1-www-rg/providers/Microsoft.Network/bastionHosts/hub-bastion",
            "ip_configuration": [
              {
                "name": "configuration",
                "public_ip_address_id": "/subscriptions/99b79efe-ebd6-468c-b39f-5669acb259e1/resourceGroups/04-t1-www-rg/providers/Microsoft.Network/publicIPAddresses/hub-bastion-pip",
                "subnet_id": "/subscriptions/99b79efe-ebd6-468c-b39f-5669acb259e1/resourceGroups/04-t1-www-rg/providers/Microsoft.Network/virtualNetworks/hub-vnet/subnets/AzureBastionSubnet"
              }
            ],
            "ip_connect_enabled": false,
            "kerberos_enabled": false,
            "location": "koreacentral",
            "name": "hub-bastion",
            "resource_group_name": "04-t1-www-rg",
            "scale_units": 2,
            "session_recording_enabled": false,
            "shareable_link_enabled": false,
            "sku": "Standard",
            "tags": {
              "Environment": "Production",
              "ManagedBy": "Terraform",
              "Purpose": "Hub-Bastion"
            },
            "timeouts": null,
            "tunneling_enabled": true,
            "virtual_network_id": "",
            "zones": []
          },
          "sensitive_attributes": [],
          "identity_schema_version": 0,
          "identity": {
            "name": "hub-bastion",
            "resource_group_name": "04-t1-www-rg",
            "subscription_id": "99b79efe-ebd6-468c-b39f-5669acb259e1"
          },
          "private": "eyJlMmJmYjczMC1lY2FhLTExZTYtOGY4OC0zNDM2M2JjN2M0YzAiOnsiY3JlYXRlIjoxODAwMDAwMDAwMDAwLCJkZWxldGUiOjE4MDAwMDAwMDAwMDAsInJlYWQiOjMwMDAwMDAwMDAwMCwidXBkYXRlIjoxODAwMDAwMDAwMDAwfX0=",
          "dependencies": [
            "azurerm_resource_group.rg",
            "module.hub.azurerm_public_ip.bastion_pip",
            "module.hub.azurerm_subnet.bastion_subnet",
            "module.hub.azurerm_virtual_network.hub_vnet"
          ]
        }
      ]
    },
    {
      "module": "module.hub",
      "mode": "managed",
      "type": "azurerm_firewall",
      "name": "hub_fw",
      "provider": "provider[\"registry.terraform.io/hashicorp/azurerm\"]",
      "instances": [
        {
          "schema_version": 0,
          "attributes": {
            "dns_proxy_enabled": false,
            "dns_servers": [],
            "firewall_policy_id": "/subscriptions/99b79efe-ebd6-468c-b39f-5669acb259e1/resourceGroups/04-t1-www-rg/providers/Microsoft.Network/firewallPolicies/hub-fw-policy",
            "id": "/subscriptions/99b79efe-ebd6-468c-b39f-5669acb259e1/resourceGroups/04-t1-www-rg/providers/Microsoft.Network/azureFirewalls/hub-firewall",
            "ip_configuration": [
              {
                "name": "configuration",
                "private_ip_address": "10.1.0.4",
                "public_ip_address_id": "/subscriptions/99b79efe-ebd6-468c-b39f-5669acb259e1/resourceGroups/04-t1-www-rg/providers/Microsoft.Network/publicIPAddresses/hub-fw-pip",
                "subnet_id": "/subscriptions/99b79efe-ebd6-468c-b39f-5669acb259e1/resourceGroups/04-t1-www-rg/providers/Microsoft.Network/virtualNetworks/hub-vnet/subnets/AzureFirewallSubnet"
              }
            ],
            "location": "koreacentral",
            "management_ip_configuration": [],
            "name": "hub-firewall",
            "private_ip_ranges": [],
            "resource_group_name": "04-t1-www-rg",
            "sku_name": "AZFW_VNet",
            "sku_tier": "Standard",
            "tags": {
              "Environment": "Production",
              "ManagedBy": "Terraform",
              "Purpose": "Hub-Firewall"
            },
            "threat_intel_mode": "Alert",
            "timeouts": null,
            "virtual_hub": [],
            "zones": [
              "1",
              "2"
            ]
          },
          "sensitive_attributes": [],
          "identity_schema_version": 0,
          "identity": {
            "name": "hub-firewall",
            "resource_group_name": "04-t1-www-rg",
            "subscription_id": "99b79efe-ebd6-468c-b39f-5669acb259e1"
          },
          "private": "eyJlMmJmYjczMC1lY2FhLTExZTYtOGY4OC0zNDM2M2JjN2M0YzAiOnsiY3JlYXRlIjo1NDAwMDAwMDAwMDAwLCJkZWxldGUiOjU0MDAwMDAwMDAwMDAsInJlYWQiOjMwMDAwMDAwMDAwMCwidXBkYXRlIjo1NDAwMDAwMDAwMDAwfX0=",
          "dependencies": [
            "azurerm_resource_group.rg",
            "module.hub.azurerm_firewall_policy.fw_policy",
            "module.hub.azurerm_public_ip.fw_pip",
            "module.hub.azurerm_subnet.fw_subnet",
            "module.hub.azurerm_virtual_network.hub_vnet"
          ]
        }
      ]
    },
    {
      "module": "module.hub",
      "mode": "managed",
      "type": "azurerm_firewall_policy",
      "name": "fw_policy",
      "provider": "provider[\"registry.terraform.io/hashicorp/azurerm\"]",
      "instances": [
        {
          "schema_version": 0,
          "attributes": {
            "auto_learn_private_ranges_enabled": false,
            "base_policy_id": "",
            "child_policies": [],
            "dns": [],
            "explicit_proxy": [],
            "firewalls": [
              "/subscriptions/99b79efe-ebd6-468c-b39f-5669acb259e1/resourceGroups/04-t1-www-rg/providers/Microsoft.Network/azureFirewalls/hub-firewall"
            ],
            "id": "/subscriptions/99b79efe-ebd6-468c-b39f-5669acb259e1/resourceGroups/04-t1-www-rg/providers/Microsoft.Network/firewallPolicies/hub-fw-policy",
            "identity": [],
            "insights": [],
            "intrusion_detection": [],
            "location": "koreacentral",
            "name": "hub-fw-policy",
            "private_ip_ranges": [],
            "resource_group_name": "04-t1-www-rg",
            "rule_collection_groups": [
              "/subscriptions/99b79efe-ebd6-468c-b39f-5669acb259e1/resourceGroups/04-t1-www-rg/providers/Microsoft.Network/firewallPolicies/hub-fw-policy/ruleCollectionGroups/hub-fw-policy-rcg"
            ],
            "sku": "Standard",
            "sql_redirect_allowed": null,
            "tags": {},
            "threat_intelligence_allowlist": [],
            "threat_intelligence_mode": "Alert",
            "timeouts": null,
            "tls_certificate": []
          },
          "sensitive_attributes": [],
          "identity_schema_version": 0,
          "identity": {
            "name": "hub-fw-policy",
            "resource_group_name": "04-t1-www-rg",
            "subscription_id": "99b79efe-ebd6-468c-b39f-5669acb259e1"
          },
          "private": "eyJlMmJmYjczMC1lY2FhLTExZTYtOGY4OC0zNDM2M2JjN2M0YzAiOnsiY3JlYXRlIjoxODAwMDAwMDAwMDAwLCJkZWxldGUiOjE4MDAwMDAwMDAwMDAsInJlYWQiOjMwMDAwMDAwMDAwMCwidXBkYXRlIjoxODAwMDAwMDAwMDAwfX0=",
          "dependencies": [
            "azurerm_resource_group.rg"
          ]
        }
      ]
    },
    {
      "module": "module.hub",
      "mode": "managed",
      "type": "azurerm_firewall_policy_rule_collection_group",
      "name": "fw_policy_rcg",
      "provider": "provider[\"registry.terraform.io/hashicorp/azurerm\"]",
      "instances": [
        {
          "schema_version": 0,
          "attributes": {
            "application_rule_collection": [
              {
                "action": "Allow",
                "name": "app_rules",
                "priority": 100,
                "rule": [
                  {
                    "description": "",
                    "destination_addresses": [],
                    "destination_fqdn_tags": [],
                    "destination_fqdns": [
                      "*.update.microsoft.com",
                      "*.windowsupdate.com"
                    ],
                    "destination_urls": [],
                    "http_headers": [],
                    "name": "Allow-Windows-Update",
                    "protocols": [
                      {
                        "port": 80,
                        "type": "Http"
                      },
                      {
                        "port": 443,
                        "type": "Https"
                      }
                    ],
                    "source_addresses": [
                      "*"
                    ],
                    "source_ip_groups": [],
                    "terminate_tls": false,
                    "web_categories": []
                  },
                  {
                    "description": "",
                    "destination_addresses": [],
                    "destination_fqdn_tags": [],
                    "destination_fqdns": [
                      "management.azure.com",
                      "login.microsoftonline.com"
                    ],
                    "destination_urls": [],
                    "http_headers": [],
                    "name": "Allow-Azure-Services",
                    "protocols": [
                      {
                        "port": 443,
                        "type": "Https"
                      }
                    ],
                    "source_addresses": [
                      "*"
                    ],
                    "source_ip_groups": [],
                    "terminate_tls": false,
                    "web_categories": []
                  }
                ]
              }
            ],
            "firewall_policy_id": "/subscriptions/99b79efe-ebd6-468c-b39f-5669acb259e1/resourceGroups/04-t1-www-rg/providers/Microsoft.Network/firewallPolicies/hub-fw-policy",
            "id": "/subscriptions/99b79efe-ebd6-468c-b39f-5669acb259e1/resourceGroups/04-t1-www-rg/providers/Microsoft.Network/firewallPolicies/hub-fw-policy/ruleCollectionGroups/hub-fw-policy-rcg",
            "name": "hub-fw-policy-rcg",
            "nat_rule_collection": [],
            "network_rule_collection": [
              {
                "action": "Allow",
                "name": "network_rules",
                "priority": 200,
                "rule": [
                  {
                    "description": "",
                    "destination_addresses": [
                      "*"
                    ],
                    "destination_fqdns": [],
                    "destination_ip_groups": [],
                    "destination_ports": [
                      "53"
                    ],
                    "name": "Allow-DNS",
                    "protocols": [
                      "UDP",
                      "TCP"
                    ],
                    "source_addresses": [
                      "*"
                    ],
                    "source_ip_groups": []
                  },
                  {
                    "description": "",
                    "destination_addresses": [
                      "*"
                    ],
                    "destination_fqdns": [],
                    "destination_ip_groups": [],
                    "destination_ports": [
                      "123"
                    ],
                    "name": "Allow-NTP",
                    "protocols": [
                      "UDP"
                    ],
                    "source_addresses": [
                      "*"
                    ],
                    "source_ip_groups": []
                  }
                ]
              }
            ],
            "priority": 100,
            "timeouts": null
          },
          "sensitive_attributes": [],
          "identity_schema_version": 0,
          "private": "eyJlMmJmYjczMC1lY2FhLTExZTYtOGY4OC0zNDM2M2JjN2M0YzAiOnsiY3JlYXRlIjoxODAwMDAwMDAwMDAwLCJkZWxldGUiOjE4MDAwMDAwMDAwMDAsInJlYWQiOjMwMDAwMDAwMDAwMCwidXBkYXRlIjoxODAwMDAwMDAwMDAwfX0=",
          "dependencies": [
            "azurerm_resource_group.rg",
            "module.hub.azurerm_firewall_policy.fw_policy"
          ]
        }
      ]
    },
    {
      "module": "module.hub",
      "mode": "managed",
      "type": "azurerm_public_ip",
      "name": "bastion_pip",
      "provider": "provider[\"registry.terraform.io/hashicorp/azurerm\"]",
      "instances": [
        {
          "schema_version": 0,
          "attributes": {
            "allocation_method": "Static",
            "ddos_protection_mode": "VirtualNetworkInherited",
            "ddos_protection_plan_id": null,
            "domain_name_label": null,
            "domain_name_label_scope": null,
            "edge_zone": "",
            "fqdn": null,
            "id": "/subscriptions/99b79efe-ebd6-468c-b39f-5669acb259e1/resourceGroups/04-t1-www-rg/providers/Microsoft.Network/publicIPAddresses/hub-bastion-pip",
            "idle_timeout_in_minutes": 4,
            "ip_address": "4.218.8.43",
            "ip_tags": {},
            "ip_version": "IPv4",
            "location": "koreacentral",
            "name": "hub-bastion-pip",
            "public_ip_prefix_id": null,
            "resource_group_name": "04-t1-www-rg",
            "reverse_fqdn": null,
            "sku": "Standard",
            "sku_tier": "Regional",
            "tags": {},
            "timeouts": null,
            "zones": []
          },
          "sensitive_attributes": [],
          "identity_schema_version": 0,
          "private": "eyJlMmJmYjczMC1lY2FhLTExZTYtOGY4OC0zNDM2M2JjN2M0YzAiOnsiY3JlYXRlIjoxODAwMDAwMDAwMDAwLCJkZWxldGUiOjE4MDAwMDAwMDAwMDAsInJlYWQiOjMwMDAwMDAwMDAwMCwidXBkYXRlIjoxODAwMDAwMDAwMDAwfX0=",
          "dependencies": [
            "azurerm_resource_group.rg"
          ]
        }
      ]
    },
    {
      "module": "module.hub",
      "mode": "managed",
      "type": "azurerm_public_ip",
      "name": "fw_pip",
      "provider": "provider[\"registry.terraform.io/hashicorp/azurerm\"]",
      "instances": [
        {
          "schema_version": 0,
          "attributes": {
            "allocation_method": "Static",
            "ddos_protection_mode": "VirtualNetworkInherited",
            "ddos_protection_plan_id": null,
            "domain_name_label": null,
            "domain_name_label_scope": null,
            "edge_zone": "",
            "fqdn": null,
            "id": "/subscriptions/99b79efe-ebd6-468c-b39f-5669acb259e1/resourceGroups/04-t1-www-rg/providers/Microsoft.Network/publicIPAddresses/hub-fw-pip",
            "idle_timeout_in_minutes": 4,
            "ip_address": "20.249.162.197",
            "ip_tags": {},
            "ip_version": "IPv4",
            "location": "koreacentral",
            "name": "hub-fw-pip",
            "public_ip_prefix_id": null,
            "resource_group_name": "04-t1-www-rg",
            "reverse_fqdn": null,
            "sku": "Standard",
            "sku_tier": "Regional",
            "tags": {
              "Environment": "Production",
              "ManagedBy": "Terraform",
              "Purpose": "Firewall-PIP"
            },
            "timeouts": null,
            "zones": [
              "1",
              "2",
              "3"
            ]
          },
          "sensitive_attributes": [],
          "identity_schema_version": 0,
          "private": "eyJlMmJmYjczMC1lY2FhLTExZTYtOGY4OC0zNDM2M2JjN2M0YzAiOnsiY3JlYXRlIjoxODAwMDAwMDAwMDAwLCJkZWxldGUiOjE4MDAwMDAwMDAwMDAsInJlYWQiOjMwMDAwMDAwMDAwMCwidXBkYXRlIjoxODAwMDAwMDAwMDAwfX0=",
          "dependencies": [
            "azurerm_resource_group.rg"
          ]
        }
      ]
    },
    {
      "module": "module.hub",
      "mode": "managed",
      "type": "azurerm_subnet",
      "name": "bastion_subnet",
      "provider": "provider[\"registry.terraform.io/hashicorp/azurerm\"]",
      "instances": [
        {
          "schema_version": 0,
          "attributes": {
            "address_prefixes": [
              "10.1.1.0/24"
            ],
            "default_outbound_access_enabled": true,
            "delegation": [],
            "id": "/subscriptions/99b79efe-ebd6-468c-b39f-5669acb259e1/resourceGroups/04-t1-www-rg/providers/Microsoft.Network/virtualNetworks/hub-vnet/subnets/AzureBastionSubnet",
            "ip_address_pool": [],
            "name": "AzureBastionSubnet",
            "private_endpoint_network_policies": "Disabled",
            "private_link_service_network_policies_enabled": true,
            "resource_group_name": "04-t1-www-rg",
            "service_endpoint_policy_ids": [],
            "service_endpoints": [],
            "sharing_scope": "",
            "timeouts": null,
            "virtual_network_name": "hub-vnet"
          },
          "sensitive_attributes": [],
          "identity_schema_version": 0,
          "identity": {
            "name": "AzureBastionSubnet",
            "resource_group_name": "04-t1-www-rg",
            "subscription_id": "99b79efe-ebd6-468c-b39f-5669acb259e1",
            "virtual_network_name": "hub-vnet"
          },
          "private": "eyJlMmJmYjczMC1lY2FhLTExZTYtOGY4OC0zNDM2M2JjN2M0YzAiOnsiY3JlYXRlIjoxODAwMDAwMDAwMDAwLCJkZWxldGUiOjE4MDAwMDAwMDAwMDAsInJlYWQiOjMwMDAwMDAwMDAwMCwidXBkYXRlIjoxODAwMDAwMDAwMDAwfX0=",
          "dependencies": [
            "azurerm_resource_group.rg",
            "module.hub.azurerm_virtual_network.hub_vnet"
          ]
        }
      ]
    },
    {
      "module": "module.hub",
      "mode": "managed",
      "type": "azurerm_subnet",
      "name": "fw_subnet",
      "provider": "provider[\"registry.terraform.io/hashicorp/azurerm\"]",
      "instances": [
        {
          "schema_version": 0,
          "attributes": {
            "address_prefixes": [
              "10.1.0.0/24"
            ],
            "default_outbound_access_enabled": true,
            "delegation": [],
            "id": "/subscriptions/99b79efe-ebd6-468c-b39f-5669acb259e1/resourceGroups/04-t1-www-rg/providers/Microsoft.Network/virtualNetworks/hub-vnet/subnets/AzureFirewallSubnet",
            "ip_address_pool": [],
            "name": "AzureFirewallSubnet",
            "private_endpoint_network_policies": "Disabled",
            "private_link_service_network_policies_enabled": true,
            "resource_group_name": "04-t1-www-rg",
            "service_endpoint_policy_ids": [],
            "service_endpoints": [],
            "sharing_scope": "",
            "timeouts": null,
            "virtual_network_name": "hub-vnet"
          },
          "sensitive_attributes": [],
          "identity_schema_version": 0,
          "identity": {
            "name": "AzureFirewallSubnet",
            "resource_group_name": "04-t1-www-rg",
            "subscription_id": "99b79efe-ebd6-468c-b39f-5669acb259e1",
            "virtual_network_name": "hub-vnet"
          },
          "private": "eyJlMmJmYjczMC1lY2FhLTExZTYtOGY4OC0zNDM2M2JjN2M0YzAiOnsiY3JlYXRlIjoxODAwMDAwMDAwMDAwLCJkZWxldGUiOjE4MDAwMDAwMDAwMDAsInJlYWQiOjMwMDAwMDAwMDAwMCwidXBkYXRlIjoxODAwMDAwMDAwMDAwfX0=",
          "dependencies": [
            "azurerm_resource_group.rg",
            "module.hub.azurerm_virtual_network.hub_vnet"
          ]
        }
      ]
    },
    {
      "module": "module.hub",
      "mode": "managed",
      "type": "azurerm_subnet",
      "name": "gateway_subnet",
      "provider": "provider[\"registry.terraform.io/hashicorp/azurerm\"]",
      "instances": [
        {
          "schema_version": 0,
          "attributes": {
            "address_prefixes": [
              "10.1.2.0/24"
            ],
            "default_outbound_access_enabled": true,
            "delegation": [],
            "id": "/subscriptions/99b79efe-ebd6-468c-b39f-5669acb259e1/resourceGroups/04-t1-www-rg/providers/Microsoft.Network/virtualNetworks/hub-vnet/subnets/GatewaySubnet",
            "ip_address_pool": [],
            "name": "GatewaySubnet",
            "private_endpoint_network_policies": "Disabled",
            "private_link_service_network_policies_enabled": true,
            "resource_group_name": "04-t1-www-rg",
            "service_endpoint_policy_ids": [],
            "service_endpoints": [],
            "sharing_scope": "",
            "timeouts": null,
            "virtual_network_name": "hub-vnet"
          },
          "sensitive_attributes": [],
          "identity_schema_version": 0,
          "identity": {
            "name": "GatewaySubnet",
            "resource_group_name": "04-t1-www-rg",
            "subscription_id": "99b79efe-ebd6-468c-b39f-5669acb259e1",
            "virtual_network_name": "hub-vnet"
          },
          "private": "eyJlMmJmYjczMC1lY2FhLTExZTYtOGY4OC0zNDM2M2JjN2M0YzAiOnsiY3JlYXRlIjoxODAwMDAwMDAwMDAwLCJkZWxldGUiOjE4MDAwMDAwMDAwMDAsInJlYWQiOjMwMDAwMDAwMDAwMCwidXBkYXRlIjoxODAwMDAwMDAwMDAwfX0=",
          "dependencies": [
            "azurerm_resource_group.rg",
            "module.hub.azurerm_virtual_network.hub_vnet"
          ]
        }
      ]
    },
    {
      "module": "module.hub",
      "mode": "managed",
      "type": "azurerm_virtual_network",
      "name": "hub_vnet",
      "provider": "provider[\"registry.terraform.io/hashicorp/azurerm\"]",
      "instances": [
        {
          "schema_version": 0,
          "attributes": {
            "address_space": [
              "10.1.0.0/16"
            ],
            "bgp_community": "",
            "ddos_protection_plan": [],
            "dns_servers": [],
            "edge_zone": "",
            "encryption": [],
            "flow_timeout_in_minutes": 0,
            "guid": "00fc8205-3fd0-4a06-9733-32c460574489",
            "id": "/subscriptions/99b79efe-ebd6-468c-b39f-5669acb259e1/resourceGroups/04-t1-www-rg/providers/Microsoft.Network/virtualNetworks/hub-vnet",
            "ip_address_pool": [],
            "location": "koreacentral",
            "name": "hub-vnet",
            "private_endpoint_vnet_policies": "Disabled",
            "resource_group_name": "04-t1-www-rg",
            "subnet": [
              {
                "address_prefixes": [
                  "10.1.0.0/24"
                ],
                "default_outbound_access_enabled": true,
                "delegation": [],
                "id": "/subscriptions/99b79efe-ebd6-468c-b39f-5669acb259e1/resourceGroups/04-t1-www-rg/providers/Microsoft.Network/virtualNetworks/hub-vnet/subnets/AzureFirewallSubnet",
                "name": "AzureFirewallSubnet",
                "private_endpoint_network_policies": "Disabled",
                "private_link_service_network_policies_enabled": true,
                "route_table_id": "",
                "security_group": "",
                "service_endpoint_policy_ids": [],
                "service_endpoints": []
              },
              {
                "address_prefixes": [
                  "10.1.1.0/24"
                ],
                "default_outbound_access_enabled": true,
                "delegation": [],
                "id": "/subscriptions/99b79efe-ebd6-468c-b39f-5669acb259e1/resourceGroups/04-t1-www-rg/providers/Microsoft.Network/virtualNetworks/hub-vnet/subnets/AzureBastionSubnet",
                "name": "AzureBastionSubnet",
                "private_endpoint_network_policies": "Disabled",
                "private_link_service_network_policies_enabled": true,
                "route_table_id": "",
                "security_group": "/subscriptions/99b79efe-ebd6-468c-b39f-5669acb259e1/resourceGroups/04-t1-www-rg/providers/Microsoft.Network/networkSecurityGroups/hub-nsg-bastion",
                "service_endpoint_policy_ids": [],
                "service_endpoints": []
              },
              {
                "address_prefixes": [
                  "10.1.2.0/24"
                ],
                "default_outbound_access_enabled": true,
                "delegation": [],
                "id": "/subscriptions/99b79efe-ebd6-468c-b39f-5669acb259e1/resourceGroups/04-t1-www-rg/providers/Microsoft.Network/virtualNetworks/hub-vnet/subnets/GatewaySubnet",
                "name": "GatewaySubnet",
                "private_endpoint_network_policies": "Disabled",
                "private_link_service_network_policies_enabled": true,
                "route_table_id": "",
                "security_group": "",
                "service_endpoint_policy_ids": [],
                "service_endpoints": []
              }
            ],
            "tags": {
              "Environment": "Production",
              "ManagedBy": "Terraform",
              "Purpose": "Hub-Network"
            },
            "timeouts": null
          },
          "sensitive_attributes": [],
          "identity_schema_version": 0,
          "identity": {
            "name": "hub-vnet",
            "resource_group_name": "04-t1-www-rg",
            "subscription_id": "99b79efe-ebd6-468c-b39f-5669acb259e1"
          },
          "private": "eyJlMmJmYjczMC1lY2FhLTExZTYtOGY4OC0zNDM2M2JjN2M0YzAiOnsiY3JlYXRlIjoxODAwMDAwMDAwMDAwLCJkZWxldGUiOjE4MDAwMDAwMDAwMDAsInJlYWQiOjMwMDAwMDAwMDAwMCwidXBkYXRlIjoxODAwMDAwMDAwMDAwfX0=",
          "dependencies": [
            "azurerm_resource_group.rg"
          ]
        }
      ]
    },
    {
      "module": "module.identity",
      "mode": "data",
      "type": "azuread_user",
      "name": "arch_reviewer",
      "provider": "provider[\"registry.terraform.io/hashicorp/azuread\"]",
      "instances": [
        {
          "schema_version": 0,
          "attributes": {
            "account_enabled": true,
            "age_group": "",
            "business_phones": [],
            "city": "",
            "company_name": "",
            "consent_provided_for_minor": "",
            "cost_center": null,
            "country": "",
            "creation_type": "",
            "department": "",
            "display_name": "이하연",
            "division": null,
            "employee_id": "",
            "employee_type": "",
            "external_user_state": "",
            "fax_number": "",
            "given_name": "",
            "id": "459480bc-f44e-4582-8c98-71fa3d881811",
            "im_addresses": [],
            "job_title": "",
            "mail": "",
            "mail_nickname": "student424",
            "manager_id": "",
            "mobile_phone": "",
            "object_id": "459480bc-f44e-4582-8c98-71fa3d881811",
            "office_location": "",
            "onpremises_distinguished_name": "",
            "onpremises_domain_name": "",
            "onpremises_immutable_id": "",
            "onpremises_sam_account_name": "",
            "onpremises_security_identifier": "",
            "onpremises_sync_enabled": false,
            "onpremises_user_principal_name": "",
            "other_mails": [],
            "postal_code": "",
            "preferred_language": "",
            "proxy_addresses": [],
            "show_in_address_list": false,
            "state": "",
            "street_address": "",
            "surname": "",
            "timeouts": null,
            "usage_location": "",
            "user_principal_name": "student424@mscsschool.onmicrosoft.com",
            "user_type": "Member"
          },
          "sensitive_attributes": [
            [
              {
                "type": "get_attr",
                "value": "user_principal_name"
              }
            ]
          ],
          "identity_schema_version": 0
        }
      ]
    },
    {
      "module": "module.identity",
      "mode": "data",
      "type": "azuread_user",
      "name": "pm",
      "provider": "provider[\"registry.terraform.io/hashicorp/azuread\"]",
      "instances": [
        {
          "schema_version": 0,
          "attributes": {
            "account_enabled": true,
            "age_group": "",
            "business_phones": [],
            "city": "",
            "company_name": "",
            "consent_provided_for_minor": "",
            "cost_center": null,
            "country": "",
            "creation_type": "",
            "department": "",
            "display_name": "이두경",
            "division": null,
            "employee_id": "",
            "employee_type": "",
            "external_user_state": "",
            "fax_number": "",
            "given_name": "",
            "id": "492131b6-671b-43f1-ac1e-db6a26222569",
            "im_addresses": [],
            "job_title": "",
            "mail": "",
            "mail_nickname": "student421",
            "manager_id": "",
            "mobile_phone": "",
            "object_id": "492131b6-671b-43f1-ac1e-db6a26222569",
            "office_location": "",
            "onpremises_distinguished_name": "",
            "onpremises_domain_name": "",
            "onpremises_immutable_id": "",
            "onpremises_sam_account_name": "",
            "onpremises_security_identifier": "",
            "onpremises_sync_enabled": false,
            "onpremises_user_principal_name": "",
            "other_mails": [],
            "postal_code": "",
            "preferred_language": "",
            "proxy_addresses": [],
            "show_in_address_list": false,
            "state": "",
            "street_address": "",
            "surname": "",
            "timeouts": null,
            "usage_location": "",
            "user_principal_name": "student421@mscsschool.onmicrosoft.com",
            "user_type": "Member"
          },
          "sensitive_attributes": [
            [
              {
                "type": "get_attr",
                "value": "user_principal_name"
              }
            ]
          ],
          "identity_schema_version": 0
        }
      ]
    },
    {
      "module": "module.identity",
      "mode": "data",
      "type": "azuread_user",
      "name": "sec_external",
      "provider": "provider[\"registry.terraform.io/hashicorp/azuread\"]",
      "instances": [
        {
          "schema_version": 0,
          "attributes": {
            "account_enabled": true,
            "age_group": "",
            "business_phones": [],
            "city": "",
            "company_name": "",
            "consent_provided_for_minor": "",
            "cost_center": null,
            "country": "",
            "creation_type": "",
            "department": "",
            "display_name": "배하영",
            "division": null,
            "employee_id": "",
            "employee_type": "",
            "external_user_state": "",
            "fax_number": "",
            "given_name": "",
            "id": "5a54cace-68ce-40f1-b485-b32a226e50e5",
            "im_addresses": [],
            "job_title": "",
            "mail": "",
            "mail_nickname": "student11",
            "manager_id": "",
            "mobile_phone": "",
            "object_id": "5a54cace-68ce-40f1-b485-b32a226e50e5",
            "office_location": "",
            "onpremises_distinguished_name": "",
            "onpremises_domain_name": "",
            "onpremises_immutable_id": "",
            "onpremises_sam_account_name": "",
            "onpremises_security_identifier": "",
            "onpremises_sync_enabled": false,
            "onpremises_user_principal_name": "",
            "other_mails": [],
            "postal_code": "",
            "preferred_language": "",
            "proxy_addresses": [],
            "show_in_address_list": false,
            "state": "",
            "street_address": "",
            "surname": "",
            "timeouts": null,
            "usage_location": "",
            "user_principal_name": "student411@mscsschool.onmicrosoft.com",
            "user_type": "Member"
          },
          "sensitive_attributes": [
            [
              {
                "type": "get_attr",
                "value": "user_principal_name"
              }
            ]
          ],
          "identity_schema_version": 0
        }
      ]
    },
    {
      "module": "module.identity",
      "mode": "data",
      "type": "azuread_user",
      "name": "sec_internal1",
      "provider": "provider[\"registry.terraform.io/hashicorp/azuread\"]",
      "instances": [
        {
          "schema_version": 0,
          "attributes": {
            "account_enabled": true,
            "age_group": "",
            "business_phones": [],
            "city": "",
            "company_name": "",
            "consent_provided_for_minor": "",
            "cost_center": null,
            "country": "",
            "creation_type": "",
            "department": "",
            "display_name": "이기훈",
            "division": null,
            "employee_id": "",
            "employee_type": "",
            "external_user_state": "",
            "fax_number": "",
            "given_name": "",
            "id": "cbca0876-4730-495c-8c47-18b9c9af868a",
            "im_addresses": [],
            "job_title": "",
            "mail": "",
            "mail_nickname": "student420",
            "manager_id": "",
            "mobile_phone": "",
            "object_id": "cbca0876-4730-495c-8c47-18b9c9af868a",
            "office_location": "",
            "onpremises_distinguished_name": "",
            "onpremises_domain_name": "",
            "onpremises_immutable_id": "",
            "onpremises_sam_account_name": "",
            "onpremises_security_identifier": "",
            "onpremises_sync_enabled": false,
            "onpremises_user_principal_name": "",
            "other_mails": [],
            "postal_code": "",
            "preferred_language": "",
            "proxy_addresses": [],
            "show_in_address_list": false,
            "state": "",
            "street_address": "",
            "surname": "",
            "timeouts": null,
            "usage_location": "",
            "user_principal_name": "student420@mscsschool.onmicrosoft.com",
            "user_type": "Member"
          },
          "sensitive_attributes": [
            [
              {
                "type": "get_attr",
                "value": "user_principal_name"
              }
            ]
          ],
          "identity_schema_version": 0
        }
      ]
    },
    {
      "module": "module.identity",
      "mode": "data",
      "type": "azuread_user",
      "name": "sec_internal2",
      "provider": "provider[\"registry.terraform.io/hashicorp/azuread\"]",
      "instances": [
        {
          "schema_version": 0,
          "attributes": {
            "account_enabled": true,
            "age_group": "",
            "business_phones": [],
            "city": "",
            "company_name": "",
            "consent_provided_for_minor": "",
            "cost_center": null,
            "country": "",
            "creation_type": "",
            "department": "",
            "display_name": "신윤철",
            "division": null,
            "employee_id": "",
            "employee_type": "",
            "external_user_state": "",
            "fax_number": "",
            "given_name": "",
            "id": "9d116595-7f36-4bb1-ad76-c50f75528054",
            "im_addresses": [],
            "job_title": "",
            "mail": "",
            "mail_nickname": "student415",
            "manager_id": "",
            "mobile_phone": "",
            "object_id": "9d116595-7f36-4bb1-ad76-c50f75528054",
            "office_location": "",
            "onpremises_distinguished_name": "",
            "onpremises_domain_name": "",
            "onpremises_immutable_id": "",
            "onpremises_sam_account_name": "",
            "onpremises_security_identifier": "",
            "onpremises_sync_enabled": false,
            "onpremises_user_principal_name": "",
            "other_mails": [],
            "postal_code": "",
            "preferred_language": "",
            "proxy_addresses": [],
            "show_in_address_list": false,
            "state": "",
            "street_address": "",
            "surname": "",
            "timeouts": null,
            "usage_location": "",
            "user_principal_name": "student415@mscsschool.onmicrosoft.com",
            "user_type": "Member"
          },
          "sensitive_attributes": [
            [
              {
                "type": "get_attr",
                "value": "user_principal_name"
              }
            ]
          ],
          "identity_schema_version": 0
        }
      ]
    },
    {
      "module": "module.identity",
      "mode": "managed",
      "type": "azurerm_role_assignment",
      "name": "arch_reader",
      "provider": "provider[\"registry.terraform.io/hashicorp/azurerm\"]",
      "instances": [
        {
          "schema_version": 0,
          "attributes": {
            "condition": "",
            "condition_version": "",
            "delegated_managed_identity_resource_id": "",
            "description": "",
            "id": "/subscriptions/99b79efe-ebd6-468c-b39f-5669acb259e1/resourceGroups/04-t1-www-rg/providers/Microsoft.Authorization/roleAssignments/758e8fd0-8334-e96a-3abb-e446a4a48a10",
            "name": "758e8fd0-8334-e96a-3abb-e446a4a48a10",
            "principal_id": "459480bc-f44e-4582-8c98-71fa3d881811",
            "principal_type": "User",
            "role_definition_id": "/subscriptions/99b79efe-ebd6-468c-b39f-5669acb259e1/providers/Microsoft.Authorization/roleDefinitions/acdd72a7-3385-48ef-bd42-f606fba81ae7",
            "role_definition_name": "Reader",
            "scope": "/subscriptions/99b79efe-ebd6-468c-b39f-5669acb259e1/resourceGroups/04-t1-www-rg",
            "skip_service_principal_aad_check": null,
            "timeouts": null
          },
          "sensitive_attributes": [],
          "identity_schema_version": 0,
          "private": "eyJlMmJmYjczMC1lY2FhLTExZTYtOGY4OC0zNDM2M2JjN2M0YzAiOnsiY3JlYXRlIjoxODAwMDAwMDAwMDAwLCJkZWxldGUiOjE4MDAwMDAwMDAwMDAsInJlYWQiOjMwMDAwMDAwMDAwMH19",
          "dependencies": [
            "azurerm_resource_group.rg",
            "module.identity.data.azuread_user.arch_reviewer"
          ]
        }
      ]
    },
    {
      "module": "module.identity",
      "mode": "managed",
      "type": "azurerm_role_assignment",
      "name": "pm_owner",
      "provider": "provider[\"registry.terraform.io/hashicorp/azurerm\"]",
      "instances": [
        {
          "schema_version": 0,
          "attributes": {
            "condition": "",
            "condition_version": "",
            "delegated_managed_identity_resource_id": "",
            "description": "",
            "id": "/subscriptions/99b79efe-ebd6-468c-b39f-5669acb259e1/resourceGroups/04-t1-www-rg/providers/Microsoft.Authorization/roleAssignments/3f3ea076-bc4c-d64e-8f14-b5798f614e4a",
            "name": "3f3ea076-bc4c-d64e-8f14-b5798f614e4a",
            "principal_id": "492131b6-671b-43f1-ac1e-db6a26222569",
            "principal_type": "User",
            "role_definition_id": "/subscriptions/99b79efe-ebd6-468c-b39f-5669acb259e1/providers/Microsoft.Authorization/roleDefinitions/8e3af657-a8ff-443c-a75c-2fe8c4bcb635",
            "role_definition_name": "Owner",
            "scope": "/subscriptions/99b79efe-ebd6-468c-b39f-5669acb259e1/resourceGroups/04-t1-www-rg",
            "skip_service_principal_aad_check": null,
            "timeouts": null
          },
          "sensitive_attributes": [],
          "identity_schema_version": 0,
          "private": "eyJlMmJmYjczMC1lY2FhLTExZTYtOGY4OC0zNDM2M2JjN2M0YzAiOnsiY3JlYXRlIjoxODAwMDAwMDAwMDAwLCJkZWxldGUiOjE4MDAwMDAwMDAwMDAsInJlYWQiOjMwMDAwMDAwMDAwMH19",
          "dependencies": [
            "azurerm_resource_group.rg",
            "module.identity.data.azuread_user.pm"
          ]
        }
      ]
    },
    {
      "module": "module.identity",
      "mode": "managed",
      "type": "azurerm_role_assignment",
      "name": "sec_external_sentinel",
      "provider": "provider[\"registry.terraform.io/hashicorp/azurerm\"]",
      "instances": [
        {
          "schema_version": 0,
          "attributes": {
            "condition": "",
            "condition_version": "",
            "delegated_managed_identity_resource_id": "",
            "description": "",
            "id": "/subscriptions/99b79efe-ebd6-468c-b39f-5669acb259e1/resourceGroups/04-t1-www-rg/providers/Microsoft.OperationalInsights/workspaces/www-law/providers/Microsoft.Authorization/roleAssignments/cdbe355b-8911-95ab-5908-a66dd26ba938",
            "name": "cdbe355b-8911-95ab-5908-a66dd26ba938",
            "principal_id": "5a54cace-68ce-40f1-b485-b32a226e50e5",
            "principal_type": "User",
            "role_definition_id": "/subscriptions/99b79efe-ebd6-468c-b39f-5669acb259e1/providers/Microsoft.Authorization/roleDefinitions/ab8e14d6-4a74-4a29-9ba8-549422addade",
            "role_definition_name": "Microsoft Sentinel Contributor",
            "scope": "/subscriptions/99b79efe-ebd6-468c-b39f-5669acb259e1/resourceGroups/04-t1-www-rg/providers/Microsoft.OperationalInsights/workspaces/www-law",
            "skip_service_principal_aad_check": null,
            "timeouts": null
          },
          "sensitive_attributes": [],
          "identity_schema_version": 0,
          "private": "eyJlMmJmYjczMC1lY2FhLTExZTYtOGY4OC0zNDM2M2JjN2M0YzAiOnsiY3JlYXRlIjoxODAwMDAwMDAwMDAwLCJkZWxldGUiOjE4MDAwMDAwMDAwMDAsInJlYWQiOjMwMDAwMDAwMDAwMH19",
          "dependencies": [
            "azurerm_resource_group.rg",
            "module.identity.data.azuread_user.sec_external",
            "module.security.azurerm_log_analytics_workspace.law"
          ]
        }
      ]
    },
    {
      "module": "module.identity",
      "mode": "managed",
      "type": "azurerm_role_assignment",
      "name": "sec_internal1_security_admin",
      "provider": "provider[\"registry.terraform.io/hashicorp/azurerm\"]",
      "instances": [
        {
          "schema_version": 0,
          "attributes": {
            "condition": "",
            "condition_version": "",
            "delegated_managed_identity_resource_id": "",
            "description": "",
            "id": "/subscriptions/99b79efe-ebd6-468c-b39f-5669acb259e1/resourceGroups/04-t1-www-rg/providers/Microsoft.Authorization/roleAssignments/29eaef90-dcaa-a768-688b-4c32d3026f4c",
            "name": "29eaef90-dcaa-a768-688b-4c32d3026f4c",
            "principal_id": "cbca0876-4730-495c-8c47-18b9c9af868a",
            "principal_type": "User",
            "role_definition_id": "/subscriptions/99b79efe-ebd6-468c-b39f-5669acb259e1/providers/Microsoft.Authorization/roleDefinitions/fb1c8493-542b-48eb-b624-b4c8fea62acd",
            "role_definition_name": "Security Admin",
            "scope": "/subscriptions/99b79efe-ebd6-468c-b39f-5669acb259e1/resourceGroups/04-t1-www-rg",
            "skip_service_principal_aad_check": null,
            "timeouts": null
          },
          "sensitive_attributes": [],
          "identity_schema_version": 0,
          "private": "eyJlMmJmYjczMC1lY2FhLTExZTYtOGY4OC0zNDM2M2JjN2M0YzAiOnsiY3JlYXRlIjoxODAwMDAwMDAwMDAwLCJkZWxldGUiOjE4MDAwMDAwMDAwMDAsInJlYWQiOjMwMDAwMDAwMDAwMH19",
          "dependencies": [
            "azurerm_resource_group.rg",
            "module.identity.data.azuread_user.sec_internal1"
          ]
        }
      ]
    },
    {
      "module": "module.identity",
      "mode": "managed",
      "type": "azurerm_role_assignment",
      "name": "sec_internal2_log_analytics",
      "provider": "provider[\"registry.terraform.io/hashicorp/azurerm\"]",
      "instances": [
        {
          "schema_version": 0,
          "attributes": {
            "condition": "",
            "condition_version": "",
            "delegated_managed_identity_resource_id": "",
            "description": "",
            "id": "/subscriptions/99b79efe-ebd6-468c-b39f-5669acb259e1/resourceGroups/04-t1-www-rg/providers/Microsoft.OperationalInsights/workspaces/www-law/providers/Microsoft.Authorization/roleAssignments/955c8249-615c-f514-a026-b27539a430bd",
            "name": "955c8249-615c-f514-a026-b27539a430bd",
            "principal_id": "9d116595-7f36-4bb1-ad76-c50f75528054",
            "principal_type": "User",
            "role_definition_id": "/subscriptions/99b79efe-ebd6-468c-b39f-5669acb259e1/providers/Microsoft.Authorization/roleDefinitions/73c42c96-874c-492b-b04d-ab87d138a893",
            "role_definition_name": "Log Analytics Reader",
            "scope": "/subscriptions/99b79efe-ebd6-468c-b39f-5669acb259e1/resourceGroups/04-t1-www-rg/providers/Microsoft.OperationalInsights/workspaces/www-law",
            "skip_service_principal_aad_check": null,
            "timeouts": null
          },
          "sensitive_attributes": [],
          "identity_schema_version": 0,
          "private": "eyJlMmJmYjczMC1lY2FhLTExZTYtOGY4OC0zNDM2M2JjN2M0YzAiOnsiY3JlYXRlIjoxODAwMDAwMDAwMDAwLCJkZWxldGUiOjE4MDAwMDAwMDAwMDAsInJlYWQiOjMwMDAwMDAwMDAwMH19",
          "dependencies": [
            "azurerm_resource_group.rg",
            "module.identity.data.azuread_user.sec_internal2",
            "module.security.azurerm_log_analytics_workspace.law"
          ]
        }
      ]
    },
    {
      "module": "module.identity",
      "mode": "managed",
      "type": "azurerm_user_assigned_identity",
      "name": "appgw_identity",
      "provider": "provider[\"registry.terraform.io/hashicorp/azurerm\"]",
      "instances": [
        {
          "schema_version": 1,
          "attributes": {
            "client_id": "6d161d32-0942-4ab0-aac9-f2ce2bbe82df",
            "id": "/subscriptions/99b79efe-ebd6-468c-b39f-5669acb259e1/resourceGroups/04-t1-www-rg/providers/Microsoft.ManagedIdentity/userAssignedIdentities/appgw-managed-identity",
            "location": "koreacentral",
            "name": "appgw-managed-identity",
            "principal_id": "0f5dc1c3-9abd-4b9a-aee8-3699467dc930",
            "resource_group_name": "04-t1-www-rg",
            "tags": {
              "Environment": "Production",
              "ManagedBy": "Terraform",
              "Purpose": "Application-Gateway"
            },
            "tenant_id": "548e9ef4-b1d5-48fa-b220-59f52d6db511",
            "timeouts": null
          },
          "sensitive_attributes": [],
          "identity_schema_version": 0,
          "private": "eyJlMmJmYjczMC1lY2FhLTExZTYtOGY4OC0zNDM2M2JjN2M0YzAiOnsiY3JlYXRlIjoxODAwMDAwMDAwMDAwLCJkZWxldGUiOjE4MDAwMDAwMDAwMDAsInJlYWQiOjMwMDAwMDAwMDAwMCwidXBkYXRlIjoxODAwMDAwMDAwMDAwfSwic2NoZW1hX3ZlcnNpb24iOiIxIn0=",
          "dependencies": [
            "azurerm_resource_group.rg"
          ]
        }
      ]
    },
    {
      "module": "module.identity",
      "mode": "managed",
      "type": "azurerm_user_assigned_identity",
      "name": "vmss_identity",
      "provider": "provider[\"registry.terraform.io/hashicorp/azurerm\"]",
      "instances": [
        {
          "schema_version": 1,
          "attributes": {
            "client_id": "f2e65df9-7eef-4954-8cce-65ae1377b846",
            "id": "/subscriptions/99b79efe-ebd6-468c-b39f-5669acb259e1/resourceGroups/04-t1-www-rg/providers/Microsoft.ManagedIdentity/userAssignedIdentities/vmss-managed-identity",
            "location": "koreacentral",
            "name": "vmss-managed-identity",
            "principal_id": "bc56f690-cc9b-4070-9d14-a86014cc0710",
            "resource_group_name": "04-t1-www-rg",
            "tags": {
              "Environment": "Production",
              "ManagedBy": "Terraform",
              "Purpose": "VMSS-Identity"
            },
            "tenant_id": "548e9ef4-b1d5-48fa-b220-59f52d6db511",
            "timeouts": null
          },
          "sensitive_attributes": [],
          "identity_schema_version": 0,
          "private": "eyJlMmJmYjczMC1lY2FhLTExZTYtOGY4OC0zNDM2M2JjN2M0YzAiOnsiY3JlYXRlIjoxODAwMDAwMDAwMDAwLCJkZWxldGUiOjE4MDAwMDAwMDAwMDAsInJlYWQiOjMwMDAwMDAwMDAwMCwidXBkYXRlIjoxODAwMDAwMDAwMDAwfSwic2NoZW1hX3ZlcnNpb24iOiIxIn0=",
          "dependencies": [
            "azurerm_resource_group.rg"
          ]
        }
      ]
    },
    {
      "module": "module.network_central",
      "mode": "data",
      "type": "azurerm_client_config",
      "name": "current",
      "provider": "provider[\"registry.terraform.io/hashicorp/azurerm\"]",
      "instances": [
        {
          "schema_version": 0,
          "attributes": {
            "client_id": "04b07795-8ddb-461a-bbee-02f9e1bf7b46",
            "id": "Y2xpZW50Q29uZmlncy9jbGllbnRJZD0wNGIwNzc5NS04ZGRiLTQ2MWEtYmJlZS0wMmY5ZTFiZjdiNDY7b2JqZWN0SWQ9NDkyMTMxYjYtNjcxYi00M2YxLWFjMWUtZGI2YTI2MjIyNTY5O3N1YnNjcmlwdGlvbklkPTk5Yjc5ZWZlLWViZDYtNDY4Yy1iMzlmLTU2NjlhY2IyNTllMTt0ZW5hbnRJZD01NDhlOWVmNC1iMWQ1LTQ4ZmEtYjIyMC01OWY1MmQ2ZGI1MTE=",
            "object_id": "492131b6-671b-43f1-ac1e-db6a26222569",
            "subscription_id": "99b79efe-ebd6-468c-b39f-5669acb259e1",
            "tenant_id": "548e9ef4-b1d5-48fa-b220-59f52d6db511",
            "timeouts": null
          },
          "sensitive_attributes": [],
          "identity_schema_version": 0
        }
      ]
    },
    {
      "module": "module.network_central",
      "mode": "managed",
      "type": "azurerm_application_gateway",
      "name": "appgw",
      "provider": "provider[\"registry.terraform.io/hashicorp/azurerm\"]",
      "instances": [
        {
          "index_key": 0,
          "schema_version": 0,
          "attributes": {
            "authentication_certificate": [],
            "autoscale_configuration": [],
            "backend_address_pool": [
              {
                "fqdns": [
                  "www-lb-koreacentral.koreacentral.cloudapp.azure.com"
                ],
                "id": "/subscriptions/99b79efe-ebd6-468c-b39f-5669acb259e1/resourceGroups/04-t1-www-rg/providers/Microsoft.Network/applicationGateways/www-appgw/backendAddressPools/www-backend-pool",
                "ip_addresses": [],
                "name": "www-backend-pool"
              }
            ],
            "backend_http_settings": [
              {
                "affinity_cookie_name": "",
                "authentication_certificate": [],
                "connection_draining": [],
                "cookie_based_affinity": "Disabled",
                "dedicated_backend_connection_enabled": false,
                "host_name": "",
                "id": "/subscriptions/99b79efe-ebd6-468c-b39f-5669acb259e1/resourceGroups/04-t1-www-rg/providers/Microsoft.Network/applicationGateways/www-appgw/backendHttpSettingsCollection/www-http-settings",
                "name": "www-http-settings",
                "path": "",
                "pick_host_name_from_backend_address": true,
                "port": 80,
                "probe_id": "/subscriptions/99b79efe-ebd6-468c-b39f-5669acb259e1/resourceGroups/04-t1-www-rg/providers/Microsoft.Network/applicationGateways/www-appgw/probes/www-health-probe",
                "probe_name": "www-health-probe",
                "protocol": "Http",
                "request_timeout": 60,
                "trusted_root_certificate_names": []
              }
            ],
            "custom_error_configuration": [],
            "enable_http2": false,
            "fips_enabled": false,
            "firewall_policy_id": "",
            "force_firewall_policy_association": false,
            "frontend_ip_configuration": [
              {
                "id": "/subscriptions/99b79efe-ebd6-468c-b39f-5669acb259e1/resourceGroups/04-t1-www-rg/providers/Microsoft.Network/applicationGateways/www-appgw/frontendIPConfigurations/appgw-frontend-ip",
                "name": "appgw-frontend-ip",
                "private_ip_address": "",
                "private_ip_address_allocation": "Dynamic",
                "private_link_configuration_id": "",
                "private_link_configuration_name": "",
                "public_ip_address_id": "/subscriptions/99b79efe-ebd6-468c-b39f-5669acb259e1/resourceGroups/04-t1-www-rg/providers/Microsoft.Network/publicIPAddresses/www-appgw-pip",
                "subnet_id": ""
              }
            ],
            "frontend_port": [
              {
                "id": "/subscriptions/99b79efe-ebd6-468c-b39f-5669acb259e1/resourceGroups/04-t1-www-rg/providers/Microsoft.Network/applicationGateways/www-appgw/frontendPorts/http-port",
                "name": "http-port",
                "port": 80
              }
            ],
            "gateway_ip_configuration": [
              {
                "id": "/subscriptions/99b79efe-ebd6-468c-b39f-5669acb259e1/resourceGroups/04-t1-www-rg/providers/Microsoft.Network/applicationGateways/www-appgw/gatewayIPConfigurations/appgw-ip-config",
                "name": "appgw-ip-config",
                "subnet_id": "/subscriptions/99b79efe-ebd6-468c-b39f-5669acb259e1/resourceGroups/04-t1-www-rg/providers/Microsoft.Network/virtualNetworks/vnet0/subnets/www-appgw"
              }
            ],
            "global": [],
            "http_listener": [
              {
                "custom_error_configuration": [],
                "firewall_policy_id": "",
                "frontend_ip_configuration_id": "/subscriptions/99b79efe-ebd6-468c-b39f-5669acb259e1/resourceGroups/04-t1-www-rg/providers/Microsoft.Network/applicationGateways/www-appgw/frontendIPConfigurations/appgw-frontend-ip",
                "frontend_ip_configuration_name": "appgw-frontend-ip",
                "frontend_port_id": "/subscriptions/99b79efe-ebd6-468c-b39f-5669acb259e1/resourceGroups/04-t1-www-rg/providers/Microsoft.Network/applicationGateways/www-appgw/frontendPorts/http-port",
                "frontend_port_name": "http-port",
                "host_name": "",
                "host_names": [],
                "id": "/subscriptions/99b79efe-ebd6-468c-b39f-5669acb259e1/resourceGroups/04-t1-www-rg/providers/Microsoft.Network/applicationGateways/www-appgw/httpListeners/www-listener",
                "name": "www-listener",
                "protocol": "Http",
                "require_sni": false,
                "ssl_certificate_id": "",
                "ssl_certificate_name": "",
                "ssl_profile_id": "",
                "ssl_profile_name": ""
              }
            ],
            "id": "/subscriptions/99b79efe-ebd6-468c-b39f-5669acb259e1/resourceGroups/04-t1-www-rg/providers/Microsoft.Network/applicationGateways/www-appgw",
            "identity": [
              {
                "identity_ids": [
                  "/subscriptions/99b79efe-ebd6-468c-b39f-5669acb259e1/resourceGroups/04-t1-www-rg/providers/Microsoft.ManagedIdentity/userAssignedIdentities/appgw-managed-identity"
                ],
                "principal_id": "",
                "tenant_id": "",
                "type": "UserAssigned"
              }
            ],
            "location": "koreacentral",
            "name": "www-appgw",
            "private_endpoint_connection": [],
            "private_link_configuration": [],
            "probe": [
              {
                "host": "",
                "id": "/subscriptions/99b79efe-ebd6-468c-b39f-5669acb259e1/resourceGroups/04-t1-www-rg/providers/Microsoft.Network/applicationGateways/www-appgw/probes/www-health-probe",
                "interval": 30,
                "match": [
                  {
                    "body": "",
                    "status_code": [
                      "200-399"
                    ]
                  }
                ],
                "minimum_servers": 0,
                "name": "www-health-probe",
                "path": "/health.php",
                "pick_host_name_from_backend_http_settings": true,
                "port": 0,
                "protocol": "Http",
                "timeout": 30,
                "unhealthy_threshold": 3
              }
            ],
            "redirect_configuration": [],
            "request_routing_rule": [
              {
                "backend_address_pool_id": "/subscriptions/99b79efe-ebd6-468c-b39f-5669acb259e1/resourceGroups/04-t1-www-rg/providers/Microsoft.Network/applicationGateways/www-appgw/backendAddressPools/www-backend-pool",
                "backend_address_pool_name": "www-backend-pool",
                "backend_http_settings_id": "/subscriptions/99b79efe-ebd6-468c-b39f-5669acb259e1/resourceGroups/04-t1-www-rg/providers/Microsoft.Network/applicationGateways/www-appgw/backendHttpSettingsCollection/www-http-settings",
                "backend_http_settings_name": "www-http-settings",
                "http_listener_id": "/subscriptions/99b79efe-ebd6-468c-b39f-5669acb259e1/resourceGroups/04-t1-www-rg/providers/Microsoft.Network/applicationGateways/www-appgw/httpListeners/www-listener",
                "http_listener_name": "www-listener",
                "id": "/subscriptions/99b79efe-ebd6-468c-b39f-5669acb259e1/resourceGroups/04-t1-www-rg/providers/Microsoft.Network/applicationGateways/www-appgw/requestRoutingRules/www-routing-rule",
                "name": "www-routing-rule",
                "priority": 100,
                "redirect_configuration_id": "",
                "redirect_configuration_name": "",
                "rewrite_rule_set_id": "",
                "rewrite_rule_set_name": "",
                "rule_type": "Basic",
                "url_path_map_id": "",
                "url_path_map_name": ""
              }
            ],
            "resource_group_name": "04-t1-www-rg",
            "rewrite_rule_set": [],
            "sku": [
              {
                "capacity": 2,
                "name": "WAF_v2",
                "tier": "WAF_v2"
              }
            ],
            "ssl_certificate": [],
            "ssl_policy": [
              {
                "cipher_suites": [],
                "disabled_protocols": [],
                "min_protocol_version": "",
                "policy_name": "AppGwSslPolicy20220101",
                "policy_type": "Predefined"
              }
            ],
            "ssl_profile": [],
            "tags": {
              "Environment": "Production",
              "ManagedBy": "Terraform",
              "Purpose": "Application-Gateway-WAF"
            },
            "timeouts": null,
            "trusted_client_certificate": [],
            "trusted_root_certificate": [],
            "url_path_map": [],
            "waf_configuration": [
              {
                "disabled_rule_group": [],
                "enabled": true,
                "exclusion": [],
                "file_upload_limit_mb": 100,
                "firewall_mode": "Prevention",
                "max_request_body_size_kb": 128,
                "request_body_check": true,
                "rule_set_type": "OWASP",
                "rule_set_version": "3.2"
              }
            ],
            "zones": [
              "1",
              "2"
            ]
          },
          "sensitive_attributes": [],
          "identity_schema_version": 0,
          "identity": {
            "name": "www-appgw",
            "resource_group_name": "04-t1-www-rg",
            "subscription_id": "99b79efe-ebd6-468c-b39f-5669acb259e1"
          },
          "private": "eyJlMmJmYjczMC1lY2FhLTExZTYtOGY4OC0zNDM2M2JjN2M0YzAiOnsiY3JlYXRlIjo1NDAwMDAwMDAwMDAwLCJkZWxldGUiOjU0MDAwMDAwMDAwMDAsInJlYWQiOjMwMDAwMDAwMDAwMCwidXBkYXRlIjo1NDAwMDAwMDAwMDAwfX0=",
          "dependencies": [
            "azurerm_resource_group.rg",
            "module.identity.azurerm_user_assigned_identity.appgw_identity",
            "module.network_central.azurerm_public_ip.appgw_pip",
            "module.network_central.azurerm_public_ip.lb_pip",
            "module.network_central.azurerm_role_assignment.tf_runner_kv_secret_user",
            "module.network_central.azurerm_subnet.subnets",
            "module.network_central.azurerm_virtual_network.vnet",
            "module.network_central.data.azurerm_client_config.current",
            "module.network_central.data.azurerm_key_vault.appgw_kv",
            "module.network_central.data.azurerm_key_vault_secret.ssl_cert_secret",
            "module.security.azurerm_key_vault.kv",
            "module.security.data.azurerm_client_config.current",
            "module.security.data.http.my_ip",
            "module.security.random_id.kv"
          ]
        }
      ]
    },
    {
      "module": "module.network_central",
      "mode": "managed",
      "type": "azurerm_lb",
      "name": "vmss_lb",
      "provider": "provider[\"registry.terraform.io/hashicorp/azurerm\"]",
      "instances": [
        {
          "schema_version": 0,
          "attributes": {
            "edge_zone": "",
            "frontend_ip_configuration": [
              {
                "gateway_load_balancer_frontend_ip_configuration_id": "",
                "id": "/subscriptions/99b79efe-ebd6-468c-b39f-5669acb259e1/resourceGroups/04-t1-www-rg/providers/Microsoft.Network/loadBalancers/www-lb/frontendIPConfigurations/PublicIPAddress",
                "inbound_nat_rules": [
                  "/subscriptions/99b79efe-ebd6-468c-b39f-5669acb259e1/resourceGroups/04-t1-www-rg/providers/Microsoft.Network/loadBalancers/www-lb/inboundNatRules/ssh-nat-pool.0",
                  "/subscriptions/99b79efe-ebd6-468c-b39f-5669acb259e1/resourceGroups/04-t1-www-rg/providers/Microsoft.Network/loadBalancers/www-lb/inboundNatRules/ssh-nat-pool.3"
                ],
                "load_balancer_rules": [
                  "/subscriptions/99b79efe-ebd6-468c-b39f-5669acb259e1/resourceGroups/04-t1-www-rg/providers/Microsoft.Network/loadBalancers/www-lb/loadBalancingRules/http"
                ],
                "name": "PublicIPAddress",
                "outbound_rules": [],
                "private_ip_address": "",
                "private_ip_address_allocation": "Dynamic",
                "private_ip_address_version": "",
                "public_ip_address_id": "/subscriptions/99b79efe-ebd6-468c-b39f-5669acb259e1/resourceGroups/04-t1-www-rg/providers/Microsoft.Network/publicIPAddresses/www-lb-pip",
                "public_ip_prefix_id": "",
                "subnet_id": "",
                "zones": []
              }
            ],
            "id": "/subscriptions/99b79efe-ebd6-468c-b39f-5669acb259e1/resourceGroups/04-t1-www-rg/providers/Microsoft.Network/loadBalancers/www-lb",
            "location": "koreacentral",
            "name": "www-lb",
            "private_ip_address": "",
            "private_ip_addresses": [],
            "public_ip_address_id": null,
            "resource_group_name": "04-t1-www-rg",
            "sku": "Standard",
            "sku_tier": "Regional",
            "subnet_id": null,
            "tags": {
              "Environment": "Production",
              "ManagedBy": "Terraform",
              "Purpose": "Load-Balancer"
            },
            "timeouts": null
          },
          "sensitive_attributes": [],
          "identity_schema_version": 0,
          "private": "eyJlMmJmYjczMC1lY2FhLTExZTYtOGY4OC0zNDM2M2JjN2M0YzAiOnsiY3JlYXRlIjoxODAwMDAwMDAwMDAwLCJkZWxldGUiOjE4MDAwMDAwMDAwMDAsInJlYWQiOjMwMDAwMDAwMDAwMCwidXBkYXRlIjoxODAwMDAwMDAwMDAwfX0=",
          "dependencies": [
            "azurerm_resource_group.rg",
            "module.network_central.azurerm_public_ip.lb_pip"
          ]
        }
      ]
    },
    {
      "module": "module.network_central",
      "mode": "managed",
      "type": "azurerm_lb",
      "name": "was_lb",
      "provider": "provider[\"registry.terraform.io/hashicorp/azurerm\"]",
      "instances": [
        {
          "schema_version": 0,
          "attributes": {
            "edge_zone": "",
            "frontend_ip_configuration": [
              {
                "gateway_load_balancer_frontend_ip_configuration_id": "",
                "id": "/subscriptions/99b79efe-ebd6-468c-b39f-5669acb259e1/resourceGroups/04-t1-www-rg/providers/Microsoft.Network/loadBalancers/www-was-lb/frontendIPConfigurations/InternalIPAddress",
                "inbound_nat_rules": [],
                "load_balancer_rules": [
                  "/subscriptions/99b79efe-ebd6-468c-b39f-5669acb259e1/resourceGroups/04-t1-www-rg/providers/Microsoft.Network/loadBalancers/www-was-lb/loadBalancingRules/was-http"
                ],
                "name": "InternalIPAddress",
                "outbound_rules": [],
                "private_ip_address": "192.168.5.4",
                "private_ip_address_allocation": "Dynamic",
                "private_ip_address_version": "IPv4",
                "public_ip_address_id": "",
                "public_ip_prefix_id": "",
                "subnet_id": "/subscriptions/99b79efe-ebd6-468c-b39f-5669acb259e1/resourceGroups/04-t1-www-rg/providers/Microsoft.Network/virtualNetworks/vnet0/subnets/www-was",
                "zones": []
              }
            ],
            "id": "/subscriptions/99b79efe-ebd6-468c-b39f-5669acb259e1/resourceGroups/04-t1-www-rg/providers/Microsoft.Network/loadBalancers/www-was-lb",
            "location": "koreacentral",
            "name": "www-was-lb",
            "private_ip_address": "192.168.5.4",
            "private_ip_addresses": [
              "192.168.5.4"
            ],
            "public_ip_address_id": null,
            "resource_group_name": "04-t1-www-rg",
            "sku": "Standard",
            "sku_tier": "Regional",
            "subnet_id": null,
            "tags": {
              "Environment": "Production",
              "ManagedBy": "Terraform",
              "Purpose": "WAS-Load-Balancer"
            },
            "timeouts": null
          },
          "sensitive_attributes": [],
          "identity_schema_version": 0,
          "private": "eyJlMmJmYjczMC1lY2FhLTExZTYtOGY4OC0zNDM2M2JjN2M0YzAiOnsiY3JlYXRlIjoxODAwMDAwMDAwMDAwLCJkZWxldGUiOjE4MDAwMDAwMDAwMDAsInJlYWQiOjMwMDAwMDAwMDAwMCwidXBkYXRlIjoxODAwMDAwMDAwMDAwfX0=",
          "dependencies": [
            "azurerm_resource_group.rg",
            "module.network_central.azurerm_subnet.subnets",
            "module.network_central.azurerm_virtual_network.vnet"
          ]
        }
      ]
    },
    {
      "module": "module.network_central",
      "mode": "managed",
      "type": "azurerm_lb_backend_address_pool",
      "name": "bpepool",
      "provider": "provider[\"registry.terraform.io/hashicorp/azurerm\"]",
      "instances": [
        {
          "schema_version": 0,
          "attributes": {
            "backend_ip_configurations": [
              "/subscriptions/99b79efe-ebd6-468c-b39f-5669acb259e1/resourceGroups/04-t1-www-rg/providers/Microsoft.Compute/virtualMachineScaleSets/web-vmss/virtualMachines/0/networkInterfaces/vmss-nic/ipConfigurations/internal",
              "/subscriptions/99b79efe-ebd6-468c-b39f-5669acb259e1/resourceGroups/04-t1-www-rg/providers/Microsoft.Compute/virtualMachineScaleSets/web-vmss/virtualMachines/3/networkInterfaces/vmss-nic/ipConfigurations/internal"
            ],
            "id": "/subscriptions/99b79efe-ebd6-468c-b39f-5669acb259e1/resourceGroups/04-t1-www-rg/providers/Microsoft.Network/loadBalancers/www-lb/backendAddressPools/www-backend-pool",
            "inbound_nat_rules": [],
            "load_balancing_rules": [
              "/subscriptions/99b79efe-ebd6-468c-b39f-5669acb259e1/resourceGroups/04-t1-www-rg/providers/Microsoft.Network/loadBalancers/www-lb/loadBalancingRules/http"
            ],
            "loadbalancer_id": "/subscriptions/99b79efe-ebd6-468c-b39f-5669acb259e1/resourceGroups/04-t1-www-rg/providers/Microsoft.Network/loadBalancers/www-lb",
            "name": "www-backend-pool",
            "outbound_rules": [],
            "synchronous_mode": "",
            "timeouts": null,
            "tunnel_interface": [],
            "virtual_network_id": ""
          },
          "sensitive_attributes": [],
          "identity_schema_version": 0,
          "private": "eyJlMmJmYjczMC1lY2FhLTExZTYtOGY4OC0zNDM2M2JjN2M0YzAiOnsiY3JlYXRlIjoxODAwMDAwMDAwMDAwLCJkZWxldGUiOjE4MDAwMDAwMDAwMDAsInJlYWQiOjMwMDAwMDAwMDAwMCwidXBkYXRlIjoxODAwMDAwMDAwMDAwfX0=",
          "dependencies": [
            "azurerm_resource_group.rg",
            "module.network_central.azurerm_lb.vmss_lb",
            "module.network_central.azurerm_public_ip.lb_pip"
          ]
        }
      ]
    },
    {
      "module": "module.network_central",
      "mode": "managed",
      "type": "azurerm_lb_backend_address_pool",
      "name": "was_backend_pool",
      "provider": "provider[\"registry.terraform.io/hashicorp/azurerm\"]",
      "instances": [
        {
          "schema_version": 0,
          "attributes": {
            "backend_ip_configurations": [
              "/subscriptions/99b79efe-ebd6-468c-b39f-5669acb259e1/resourceGroups/04-t1-www-rg/providers/Microsoft.Compute/virtualMachineScaleSets/was-vmss/virtualMachines/2/networkInterfaces/was-vmss-nic/ipConfigurations/internal"
            ],
            "id": "/subscriptions/99b79efe-ebd6-468c-b39f-5669acb259e1/resourceGroups/04-t1-www-rg/providers/Microsoft.Network/loadBalancers/www-was-lb/backendAddressPools/www-was-backend-pool",
            "inbound_nat_rules": [],
            "load_balancing_rules": [
              "/subscriptions/99b79efe-ebd6-468c-b39f-5669acb259e1/resourceGroups/04-t1-www-rg/providers/Microsoft.Network/loadBalancers/www-was-lb/loadBalancingRules/was-http"
            ],
            "loadbalancer_id": "/subscriptions/99b79efe-ebd6-468c-b39f-5669acb259e1/resourceGroups/04-t1-www-rg/providers/Microsoft.Network/loadBalancers/www-was-lb",
            "name": "www-was-backend-pool",
            "outbound_rules": [],
            "synchronous_mode": "",
            "timeouts": null,
            "tunnel_interface": [],
            "virtual_network_id": ""
          },
          "sensitive_attributes": [],
          "identity_schema_version": 0,
          "private": "eyJlMmJmYjczMC1lY2FhLTExZTYtOGY4OC0zNDM2M2JjN2M0YzAiOnsiY3JlYXRlIjoxODAwMDAwMDAwMDAwLCJkZWxldGUiOjE4MDAwMDAwMDAwMDAsInJlYWQiOjMwMDAwMDAwMDAwMCwidXBkYXRlIjoxODAwMDAwMDAwMDAwfX0=",
          "dependencies": [
            "azurerm_resource_group.rg",
            "module.network_central.azurerm_lb.was_lb",
            "module.network_central.azurerm_subnet.subnets",
            "module.network_central.azurerm_virtual_network.vnet"
          ]
        }
      ]
    },
    {
      "module": "module.network_central",
      "mode": "managed",
      "type": "azurerm_lb_nat_pool",
      "name": "ssh_nat_pool",
      "provider": "provider[\"registry.terraform.io/hashicorp/azurerm\"]",
      "instances": [
        {
          "schema_version": 0,
          "attributes": {
            "backend_port": 22,
            "floating_ip_enabled": false,
            "frontend_ip_configuration_id": "/subscriptions/99b79efe-ebd6-468c-b39f-5669acb259e1/resourceGroups/04-t1-www-rg/providers/Microsoft.Network/loadBalancers/www-lb/frontendIPConfigurations/PublicIPAddress",
            "frontend_ip_configuration_name": "PublicIPAddress",
            "frontend_port_end": 50010,
            "frontend_port_start": 50001,
            "id": "/subscriptions/99b79efe-ebd6-468c-b39f-5669acb259e1/resourceGroups/04-t1-www-rg/providers/Microsoft.Network/loadBalancers/www-lb/inboundNatPools/ssh-nat-pool",
            "idle_timeout_in_minutes": 4,
            "loadbalancer_id": "/subscriptions/99b79efe-ebd6-468c-b39f-5669acb259e1/resourceGroups/04-t1-www-rg/providers/Microsoft.Network/loadBalancers/www-lb",
            "name": "ssh-nat-pool",
            "protocol": "Tcp",
            "resource_group_name": "04-t1-www-rg",
            "tcp_reset_enabled": false,
            "timeouts": null
          },
          "sensitive_attributes": [],
          "identity_schema_version": 0,
          "private": "eyJlMmJmYjczMC1lY2FhLTExZTYtOGY4OC0zNDM2M2JjN2M0YzAiOnsiY3JlYXRlIjoxODAwMDAwMDAwMDAwLCJkZWxldGUiOjE4MDAwMDAwMDAwMDAsInJlYWQiOjMwMDAwMDAwMDAwMCwidXBkYXRlIjoxODAwMDAwMDAwMDAwfX0=",
          "dependencies": [
            "azurerm_resource_group.rg",
            "module.network_central.azurerm_lb.vmss_lb",
            "module.network_central.azurerm_public_ip.lb_pip"
          ]
        }
      ]
    },
    {
      "module": "module.network_central",
      "mode": "managed",
      "type": "azurerm_lb_probe",
      "name": "vmss_probe",
      "provider": "provider[\"registry.terraform.io/hashicorp/azurerm\"]",
      "instances": [
        {
          "schema_version": 0,
          "attributes": {
            "id": "/subscriptions/99b79efe-ebd6-468c-b39f-5669acb259e1/resourceGroups/04-t1-www-rg/providers/Microsoft.Network/loadBalancers/www-lb/probes/http-probe",
            "interval_in_seconds": 15,
            "load_balancer_rules": [
              "/subscriptions/99b79efe-ebd6-468c-b39f-5669acb259e1/resourceGroups/04-t1-www-rg/providers/Microsoft.Network/loadBalancers/www-lb/loadBalancingRules/http"
            ],
            "loadbalancer_id": "/subscriptions/99b79efe-ebd6-468c-b39f-5669acb259e1/resourceGroups/04-t1-www-rg/providers/Microsoft.Network/loadBalancers/www-lb",
            "name": "http-probe",
            "number_of_probes": 2,
            "port": 80,
            "probe_threshold": 1,
            "protocol": "Http",
            "request_path": "/health.html",
            "timeouts": null
          },
          "sensitive_attributes": [],
          "identity_schema_version": 0,
          "private": "eyJlMmJmYjczMC1lY2FhLTExZTYtOGY4OC0zNDM2M2JjN2M0YzAiOnsiY3JlYXRlIjoxODAwMDAwMDAwMDAwLCJkZWxldGUiOjE4MDAwMDAwMDAwMDAsInJlYWQiOjMwMDAwMDAwMDAwMCwidXBkYXRlIjoxODAwMDAwMDAwMDAwfX0=",
          "dependencies": [
            "azurerm_resource_group.rg",
            "module.network_central.azurerm_lb.vmss_lb",
            "module.network_central.azurerm_public_ip.lb_pip"
          ]
        }
      ]
    },
    {
      "module": "module.network_central",
      "mode": "managed",
      "type": "azurerm_lb_probe",
      "name": "was_probe",
      "provider": "provider[\"registry.terraform.io/hashicorp/azurerm\"]",
      "instances": [
        {
          "schema_version": 0,
          "attributes": {
            "id": "/subscriptions/99b79efe-ebd6-468c-b39f-5669acb259e1/resourceGroups/04-t1-www-rg/providers/Microsoft.Network/loadBalancers/www-was-lb/probes/was-http-probe",
            "interval_in_seconds": 15,
            "load_balancer_rules": [
              "/subscriptions/99b79efe-ebd6-468c-b39f-5669acb259e1/resourceGroups/04-t1-www-rg/providers/Microsoft.Network/loadBalancers/www-was-lb/loadBalancingRules/was-http"
            ],
            "loadbalancer_id": "/subscriptions/99b79efe-ebd6-468c-b39f-5669acb259e1/resourceGroups/04-t1-www-rg/providers/Microsoft.Network/loadBalancers/www-was-lb",
            "name": "was-http-probe",
            "number_of_probes": 2,
            "port": 80,
            "probe_threshold": 1,
            "protocol": "Http",
            "request_path": "/health.php",
            "timeouts": null
          },
          "sensitive_attributes": [],
          "identity_schema_version": 0,
          "private": "eyJlMmJmYjczMC1lY2FhLTExZTYtOGY4OC0zNDM2M2JjN2M0YzAiOnsiY3JlYXRlIjoxODAwMDAwMDAwMDAwLCJkZWxldGUiOjE4MDAwMDAwMDAwMDAsInJlYWQiOjMwMDAwMDAwMDAwMCwidXBkYXRlIjoxODAwMDAwMDAwMDAwfX0=",
          "dependencies": [
            "azurerm_resource_group.rg",
            "module.network_central.azurerm_lb.was_lb",
            "module.network_central.azurerm_subnet.subnets",
            "module.network_central.azurerm_virtual_network.vnet"
          ]
        }
      ]
    },
    {
      "module": "module.network_central",
      "mode": "managed",
      "type": "azurerm_lb_rule",
      "name": "vmss_lb_rule",
      "provider": "provider[\"registry.terraform.io/hashicorp/azurerm\"]",
      "instances": [
        {
          "schema_version": 0,
          "attributes": {
            "backend_address_pool_ids": [
              "/subscriptions/99b79efe-ebd6-468c-b39f-5669acb259e1/resourceGroups/04-t1-www-rg/providers/Microsoft.Network/loadBalancers/www-lb/backendAddressPools/www-backend-pool"
            ],
            "backend_port": 80,
            "disable_outbound_snat": false,
            "enable_floating_ip": false,
            "enable_tcp_reset": false,
            "floating_ip_enabled": false,
            "frontend_ip_configuration_id": "/subscriptions/99b79efe-ebd6-468c-b39f-5669acb259e1/resourceGroups/04-t1-www-rg/providers/Microsoft.Network/loadBalancers/www-lb/frontendIPConfigurations/PublicIPAddress",
            "frontend_ip_configuration_name": "PublicIPAddress",
            "frontend_port": 80,
            "id": "/subscriptions/99b79efe-ebd6-468c-b39f-5669acb259e1/resourceGroups/04-t1-www-rg/providers/Microsoft.Network/loadBalancers/www-lb/loadBalancingRules/http",
            "idle_timeout_in_minutes": 4,
            "load_distribution": "Default",
            "loadbalancer_id": "/subscriptions/99b79efe-ebd6-468c-b39f-5669acb259e1/resourceGroups/04-t1-www-rg/providers/Microsoft.Network/loadBalancers/www-lb",
            "name": "http",
            "probe_id": "/subscriptions/99b79efe-ebd6-468c-b39f-5669acb259e1/resourceGroups/04-t1-www-rg/providers/Microsoft.Network/loadBalancers/www-lb/probes/http-probe",
            "protocol": "Tcp",
            "tcp_reset_enabled": false,
            "timeouts": null
          },
          "sensitive_attributes": [],
          "identity_schema_version": 0,
          "private": "eyJlMmJmYjczMC1lY2FhLTExZTYtOGY4OC0zNDM2M2JjN2M0YzAiOnsiY3JlYXRlIjoxODAwMDAwMDAwMDAwLCJkZWxldGUiOjE4MDAwMDAwMDAwMDAsInJlYWQiOjMwMDAwMDAwMDAwMCwidXBkYXRlIjoxODAwMDAwMDAwMDAwfX0=",
          "dependencies": [
            "azurerm_resource_group.rg",
            "module.network_central.azurerm_lb.vmss_lb",
            "module.network_central.azurerm_lb_backend_address_pool.bpepool",
            "module.network_central.azurerm_lb_probe.vmss_probe",
            "module.network_central.azurerm_public_ip.lb_pip"
          ]
        }
      ]
    },
    {
      "module": "module.network_central",
      "mode": "managed",
      "type": "azurerm_lb_rule",
      "name": "was_lb_rule",
      "provider": "provider[\"registry.terraform.io/hashicorp/azurerm\"]",
      "instances": [
        {
          "schema_version": 0,
          "attributes": {
            "backend_address_pool_ids": [
              "/subscriptions/99b79efe-ebd6-468c-b39f-5669acb259e1/resourceGroups/04-t1-www-rg/providers/Microsoft.Network/loadBalancers/www-was-lb/backendAddressPools/www-was-backend-pool"
            ],
            "backend_port": 80,
            "disable_outbound_snat": false,
            "enable_floating_ip": false,
            "enable_tcp_reset": false,
            "floating_ip_enabled": false,
            "frontend_ip_configuration_id": "/subscriptions/99b79efe-ebd6-468c-b39f-5669acb259e1/resourceGroups/04-t1-www-rg/providers/Microsoft.Network/loadBalancers/www-was-lb/frontendIPConfigurations/InternalIPAddress",
            "frontend_ip_configuration_name": "InternalIPAddress",
            "frontend_port": 80,
            "id": "/subscriptions/99b79efe-ebd6-468c-b39f-5669acb259e1/resourceGroups/04-t1-www-rg/providers/Microsoft.Network/loadBalancers/www-was-lb/loadBalancingRules/was-http",
            "idle_timeout_in_minutes": 4,
            "load_distribution": "Default",
            "loadbalancer_id": "/subscriptions/99b79efe-ebd6-468c-b39f-5669acb259e1/resourceGroups/04-t1-www-rg/providers/Microsoft.Network/loadBalancers/www-was-lb",
            "name": "was-http",
            "probe_id": "/subscriptions/99b79efe-ebd6-468c-b39f-5669acb259e1/resourceGroups/04-t1-www-rg/providers/Microsoft.Network/loadBalancers/www-was-lb/probes/was-http-probe",
            "protocol": "Tcp",
            "tcp_reset_enabled": false,
            "timeouts": null
          },
          "sensitive_attributes": [],
          "identity_schema_version": 0,
          "private": "eyJlMmJmYjczMC1lY2FhLTExZTYtOGY4OC0zNDM2M2JjN2M0YzAiOnsiY3JlYXRlIjoxODAwMDAwMDAwMDAwLCJkZWxldGUiOjE4MDAwMDAwMDAwMDAsInJlYWQiOjMwMDAwMDAwMDAwMCwidXBkYXRlIjoxODAwMDAwMDAwMDAwfX0=",
          "dependencies": [
            "azurerm_resource_group.rg",
            "module.network_central.azurerm_lb.was_lb",
            "module.network_central.azurerm_lb_backend_address_pool.was_backend_pool",
            "module.network_central.azurerm_lb_probe.was_probe",
            "module.network_central.azurerm_subnet.subnets",
            "module.network_central.azurerm_virtual_network.vnet"
          ]
        }
      ]
    },
    {
      "module": "module.network_central",
      "mode": "managed",
      "type": "azurerm_monitor_diagnostic_setting",
      "name": "appgw_diag",
      "provider": "provider[\"registry.terraform.io/hashicorp/azurerm\"]",
      "instances": [
        {
          "index_key": 0,
          "schema_version": 0,
          "attributes": {
            "enabled_log": [
              {
                "category": "ApplicationGatewayAccessLog",
                "category_group": "",
                "retention_policy": [
                  {
                    "days": 0,
                    "enabled": false
                  }
                ]
              },
              {
                "category": "ApplicationGatewayFirewallLog",
                "category_group": "",
                "retention_policy": [
                  {
                    "days": 0,
                    "enabled": false
                  }
                ]
              },
              {
                "category": "ApplicationGatewayPerformanceLog",
                "category_group": "",
                "retention_policy": [
                  {
                    "days": 0,
                    "enabled": false
                  }
                ]
              }
            ],
            "enabled_metric": [
              {
                "category": "AllMetrics"
              }
            ],
            "eventhub_authorization_rule_id": "",
            "eventhub_name": "",
            "id": "/subscriptions/99b79efe-ebd6-468c-b39f-5669acb259e1/resourceGroups/04-t1-www-rg/providers/Microsoft.Network/applicationGateways/www-appgw|appgw-diag",
            "log_analytics_destination_type": "AzureDiagnostics",
            "log_analytics_workspace_id": "/subscriptions/99b79efe-ebd6-468c-b39f-5669acb259e1/resourceGroups/04-t1-www-rg/providers/Microsoft.OperationalInsights/workspaces/www-law",
            "metric": [
              {
                "category": "AllMetrics",
                "enabled": true,
                "retention_policy": [
                  {
                    "days": 0,
                    "enabled": false
                  }
                ]
              }
            ],
            "name": "appgw-diag",
            "partner_solution_id": null,
            "storage_account_id": null,
            "target_resource_id": "/subscriptions/99b79efe-ebd6-468c-b39f-5669acb259e1/resourceGroups/04-t1-www-rg/providers/Microsoft.Network/applicationGateways/www-appgw",
            "timeouts": null
          },
          "sensitive_attributes": [],
          "identity_schema_version": 0,
          "private": "eyJlMmJmYjczMC1lY2FhLTExZTYtOGY4OC0zNDM2M2JjN2M0YzAiOnsiY3JlYXRlIjoxODAwMDAwMDAwMDAwLCJkZWxldGUiOjM2MDAwMDAwMDAwMDAsInJlYWQiOjMwMDAwMDAwMDAwMCwidXBkYXRlIjoxODAwMDAwMDAwMDAwfX0=",
          "dependencies": [
            "azurerm_resource_group.rg",
            "module.identity.azurerm_user_assigned_identity.appgw_identity",
            "module.network_central.azurerm_application_gateway.appgw",
            "module.network_central.azurerm_public_ip.appgw_pip",
            "module.network_central.azurerm_public_ip.lb_pip",
            "module.network_central.azurerm_role_assignment.tf_runner_kv_secret_user",
            "module.network_central.azurerm_subnet.subnets",
            "module.network_central.azurerm_virtual_network.vnet",
            "module.network_central.data.azurerm_client_config.current",
            "module.network_central.data.azurerm_key_vault.appgw_kv",
            "module.network_central.data.azurerm_key_vault_secret.ssl_cert_secret",
            "module.security.azurerm_key_vault.kv",
            "module.security.azurerm_log_analytics_workspace.law",
            "module.security.data.azurerm_client_config.current",
            "module.security.data.http.my_ip",
            "module.security.random_id.kv"
          ]
        }
      ]
    },
    {
      "module": "module.network_central",
      "mode": "managed",
      "type": "azurerm_monitor_diagnostic_setting",
      "name": "appgw_pip_diag",
      "provider": "provider[\"registry.terraform.io/hashicorp/azurerm\"]",
      "instances": [
        {
          "index_key": 0,
          "schema_version": 0,
          "attributes": {
            "enabled_log": [],
            "enabled_metric": [
              {
                "category": "AllMetrics"
              }
            ],
            "eventhub_authorization_rule_id": "",
            "eventhub_name": "",
            "id": "/subscriptions/99b79efe-ebd6-468c-b39f-5669acb259e1/resourceGroups/04-t1-www-rg/providers/Microsoft.Network/publicIPAddresses/www-appgw-pip|appgw-pip-diag",
            "log_analytics_destination_type": "",
            "log_analytics_workspace_id": "/subscriptions/99b79efe-ebd6-468c-b39f-5669acb259e1/resourceGroups/04-t1-www-rg/providers/Microsoft.OperationalInsights/workspaces/www-law",
            "metric": [
              {
                "category": "AllMetrics",
                "enabled": true,
                "retention_policy": [
                  {
                    "days": 0,
                    "enabled": false
                  }
                ]
              }
            ],
            "name": "appgw-pip-diag",
            "partner_solution_id": null,
            "storage_account_id": null,
            "target_resource_id": "/subscriptions/99b79efe-ebd6-468c-b39f-5669acb259e1/resourceGroups/04-t1-www-rg/providers/Microsoft.Network/publicIPAddresses/www-appgw-pip",
            "timeouts": null
          },
          "sensitive_attributes": [],
          "identity_schema_version": 0,
          "private": "eyJlMmJmYjczMC1lY2FhLTExZTYtOGY4OC0zNDM2M2JjN2M0YzAiOnsiY3JlYXRlIjoxODAwMDAwMDAwMDAwLCJkZWxldGUiOjM2MDAwMDAwMDAwMDAsInJlYWQiOjMwMDAwMDAwMDAwMCwidXBkYXRlIjoxODAwMDAwMDAwMDAwfX0=",
          "dependencies": [
            "azurerm_resource_group.rg",
            "module.network_central.azurerm_public_ip.appgw_pip",
            "module.security.azurerm_log_analytics_workspace.law"
          ]
        }
      ]
    },
    {
      "module": "module.network_central",
      "mode": "managed",
      "type": "azurerm_monitor_diagnostic_setting",
      "name": "lb_diag",
      "provider": "provider[\"registry.terraform.io/hashicorp/azurerm\"]",
      "instances": [
        {
          "schema_version": 0,
          "attributes": {
            "enabled_log": [],
            "enabled_metric": [
              {
                "category": "AllMetrics"
              }
            ],
            "eventhub_authorization_rule_id": "",
            "eventhub_name": "",
            "id": "/subscriptions/99b79efe-ebd6-468c-b39f-5669acb259e1/resourceGroups/04-t1-www-rg/providers/Microsoft.Network/loadBalancers/www-lb|lb-diag",
            "log_analytics_destination_type": "",
            "log_analytics_workspace_id": "/subscriptions/99b79efe-ebd6-468c-b39f-5669acb259e1/resourceGroups/04-t1-www-rg/providers/Microsoft.OperationalInsights/workspaces/www-law",
            "metric": [
              {
                "category": "AllMetrics",
                "enabled": true,
                "retention_policy": [
                  {
                    "days": 0,
                    "enabled": false
                  }
                ]
              }
            ],
            "name": "lb-diag",
            "partner_solution_id": null,
            "storage_account_id": null,
            "target_resource_id": "/subscriptions/99b79efe-ebd6-468c-b39f-5669acb259e1/resourceGroups/04-t1-www-rg/providers/Microsoft.Network/loadBalancers/www-lb",
            "timeouts": null
          },
          "sensitive_attributes": [],
          "identity_schema_version": 0,
          "private": "eyJlMmJmYjczMC1lY2FhLTExZTYtOGY4OC0zNDM2M2JjN2M0YzAiOnsiY3JlYXRlIjoxODAwMDAwMDAwMDAwLCJkZWxldGUiOjM2MDAwMDAwMDAwMDAsInJlYWQiOjMwMDAwMDAwMDAwMCwidXBkYXRlIjoxODAwMDAwMDAwMDAwfX0=",
          "dependencies": [
            "azurerm_resource_group.rg",
            "module.network_central.azurerm_lb.vmss_lb",
            "module.network_central.azurerm_public_ip.lb_pip",
            "module.security.azurerm_log_analytics_workspace.law"
          ]
        }
      ]
    },
    {
      "module": "module.network_central",
      "mode": "managed",
      "type": "azurerm_monitor_diagnostic_setting",
      "name": "lb_pip_diag",
      "provider": "provider[\"registry.terraform.io/hashicorp/azurerm\"]",
      "instances": [
        {
          "schema_version": 0,
          "attributes": {
            "enabled_log": [],
            "enabled_metric": [
              {
                "category": "AllMetrics"
              }
            ],
            "eventhub_authorization_rule_id": "",
            "eventhub_name": "",
            "id": "/subscriptions/99b79efe-ebd6-468c-b39f-5669acb259e1/resourceGroups/04-t1-www-rg/providers/Microsoft.Network/publicIPAddresses/www-lb-pip|lb-pip-diag",
            "log_analytics_destination_type": "",
            "log_analytics_workspace_id": "/subscriptions/99b79efe-ebd6-468c-b39f-5669acb259e1/resourceGroups/04-t1-www-rg/providers/Microsoft.OperationalInsights/workspaces/www-law",
            "metric": [
              {
                "category": "AllMetrics",
                "enabled": true,
                "retention_policy": [
                  {
                    "days": 0,
                    "enabled": false
                  }
                ]
              }
            ],
            "name": "lb-pip-diag",
            "partner_solution_id": null,
            "storage_account_id": null,
            "target_resource_id": "/subscriptions/99b79efe-ebd6-468c-b39f-5669acb259e1/resourceGroups/04-t1-www-rg/providers/Microsoft.Network/publicIPAddresses/www-lb-pip",
            "timeouts": null
          },
          "sensitive_attributes": [],
          "identity_schema_version": 0,
          "private": "eyJlMmJmYjczMC1lY2FhLTExZTYtOGY4OC0zNDM2M2JjN2M0YzAiOnsiY3JlYXRlIjoxODAwMDAwMDAwMDAwLCJkZWxldGUiOjM2MDAwMDAwMDAwMDAsInJlYWQiOjMwMDAwMDAwMDAwMCwidXBkYXRlIjoxODAwMDAwMDAwMDAwfX0=",
          "dependencies": [
            "azurerm_resource_group.rg",
            "module.network_central.azurerm_public_ip.lb_pip",
            "module.security.azurerm_log_analytics_workspace.law"
          ]
        }
      ]
    },
    {
      "module": "module.network_central",
      "mode": "managed",
      "type": "azurerm_monitor_diagnostic_setting",
      "name": "was_lb_diag",
      "provider": "provider[\"registry.terraform.io/hashicorp/azurerm\"]",
      "instances": [
        {
          "schema_version": 0,
          "attributes": {
            "enabled_log": [],
            "enabled_metric": [
              {
                "category": "AllMetrics"
              }
            ],
            "eventhub_authorization_rule_id": "",
            "eventhub_name": "",
            "id": "/subscriptions/99b79efe-ebd6-468c-b39f-5669acb259e1/resourceGroups/04-t1-www-rg/providers/Microsoft.Network/loadBalancers/www-was-lb|was-lb-diag",
            "log_analytics_destination_type": "",
            "log_analytics_workspace_id": "/subscriptions/99b79efe-ebd6-468c-b39f-5669acb259e1/resourceGroups/04-t1-www-rg/providers/Microsoft.OperationalInsights/workspaces/www-law",
            "metric": [
              {
                "category": "AllMetrics",
                "enabled": true,
                "retention_policy": [
                  {
                    "days": 0,
                    "enabled": false
                  }
                ]
              }
            ],
            "name": "was-lb-diag",
            "partner_solution_id": null,
            "storage_account_id": null,
            "target_resource_id": "/subscriptions/99b79efe-ebd6-468c-b39f-5669acb259e1/resourceGroups/04-t1-www-rg/providers/Microsoft.Network/loadBalancers/www-was-lb",
            "timeouts": null
          },
          "sensitive_attributes": [],
          "identity_schema_version": 0,
          "private": "eyJlMmJmYjczMC1lY2FhLTExZTYtOGY4OC0zNDM2M2JjN2M0YzAiOnsiY3JlYXRlIjoxODAwMDAwMDAwMDAwLCJkZWxldGUiOjM2MDAwMDAwMDAwMDAsInJlYWQiOjMwMDAwMDAwMDAwMCwidXBkYXRlIjoxODAwMDAwMDAwMDAwfX0=",
          "dependencies": [
            "azurerm_resource_group.rg",
            "module.network_central.azurerm_lb.was_lb",
            "module.network_central.azurerm_subnet.subnets",
            "module.network_central.azurerm_virtual_network.vnet",
            "module.security.azurerm_log_analytics_workspace.law"
          ]
        }
      ]
    },
    {
      "module": "module.network_central",
      "mode": "managed",
      "type": "azurerm_nat_gateway",
      "name": "nat_gw",
      "provider": "provider[\"registry.terraform.io/hashicorp/azurerm\"]",
      "instances": [
        {
          "index_key": 0,
          "schema_version": 0,
          "attributes": {
            "id": "/subscriptions/99b79efe-ebd6-468c-b39f-5669acb259e1/resourceGroups/04-t1-www-rg/providers/Microsoft.Network/natGateways/www-nat",
            "idle_timeout_in_minutes": 10,
            "location": "koreacentral",
            "name": "www-nat",
            "resource_group_name": "04-t1-www-rg",
            "resource_guid": "3202e137-744f-4c0b-952a-3a642480b34d",
            "sku_name": "Standard",
            "tags": {
              "Environment": "Production",
              "ManagedBy": "Terraform",
              "Purpose": "NAT-Gateway"
            },
            "timeouts": null,
            "zones": [
              "1"
            ]
          },
          "sensitive_attributes": [],
          "identity_schema_version": 0,
          "identity": {
            "name": "www-nat",
            "resource_group_name": "04-t1-www-rg",
            "subscription_id": "99b79efe-ebd6-468c-b39f-5669acb259e1"
          },
          "private": "eyJlMmJmYjczMC1lY2FhLTExZTYtOGY4OC0zNDM2M2JjN2M0YzAiOnsiY3JlYXRlIjozNjAwMDAwMDAwMDAwLCJkZWxldGUiOjM2MDAwMDAwMDAwMDAsInJlYWQiOjMwMDAwMDAwMDAwMCwidXBkYXRlIjozNjAwMDAwMDAwMDAwfX0=",
          "dependencies": [
            "azurerm_resource_group.rg"
          ]
        }
      ]
    },
    {
      "module": "module.network_central",
      "mode": "managed",
      "type": "azurerm_nat_gateway_public_ip_association",
      "name": "nat_pip_assoc",
      "provider": "provider[\"registry.terraform.io/hashicorp/azurerm\"]",
      "instances": [
        {
          "index_key": 0,
          "schema_version": 0,
          "attributes": {
            "id": "/subscriptions/99b79efe-ebd6-468c-b39f-5669acb259e1/resourceGroups/04-t1-www-rg/providers/Microsoft.Network/natGateways/www-nat|/subscriptions/99b79efe-ebd6-468c-b39f-5669acb259e1/resourceGroups/04-t1-www-rg/providers/Microsoft.Network/publicIPAddresses/www-nat-pip",
            "nat_gateway_id": "/subscriptions/99b79efe-ebd6-468c-b39f-5669acb259e1/resourceGroups/04-t1-www-rg/providers/Microsoft.Network/natGateways/www-nat",
            "public_ip_address_id": "/subscriptions/99b79efe-ebd6-468c-b39f-5669acb259e1/resourceGroups/04-t1-www-rg/providers/Microsoft.Network/publicIPAddresses/www-nat-pip",
            "timeouts": null
          },
          "sensitive_attributes": [],
          "identity_schema_version": 0,
          "private": "eyJlMmJmYjczMC1lY2FhLTExZTYtOGY4OC0zNDM2M2JjN2M0YzAiOnsiY3JlYXRlIjoxODAwMDAwMDAwMDAwLCJkZWxldGUiOjE4MDAwMDAwMDAwMDAsInJlYWQiOjMwMDAwMDAwMDAwMH19",
          "dependencies": [
            "azurerm_resource_group.rg",
            "module.network_central.azurerm_nat_gateway.nat_gw",
            "module.network_central.azurerm_public_ip.nat_pip"
          ]
        }
      ]
    },
    {
      "module": "module.network_central",
      "mode": "managed",
      "type": "azurerm_public_ip",
      "name": "appgw_pip",
      "provider": "provider[\"registry.terraform.io/hashicorp/azurerm\"]",
      "instances": [
        {
          "index_key": 0,
          "schema_version": 0,
          "attributes": {
            "allocation_method": "Static",
            "ddos_protection_mode": "VirtualNetworkInherited",
            "ddos_protection_plan_id": null,
            "domain_name_label": "www-appgw-04-t1-www-rg",
            "domain_name_label_scope": "",
            "edge_zone": "",
            "fqdn": "www-appgw-04-t1-www-rg.koreacentral.cloudapp.azure.com",
            "id": "/subscriptions/99b79efe-ebd6-468c-b39f-5669acb259e1/resourceGroups/04-t1-www-rg/providers/Microsoft.Network/publicIPAddresses/www-appgw-pip",
            "idle_timeout_in_minutes": 4,
            "ip_address": "20.249.181.28",
            "ip_tags": {},
            "ip_version": "IPv4",
            "location": "koreacentral",
            "name": "www-appgw-pip",
            "public_ip_prefix_id": null,
            "resource_group_name": "04-t1-www-rg",
            "reverse_fqdn": "",
            "sku": "Standard",
            "sku_tier": "Regional",
            "tags": {
              "Environment": "Production",
              "ManagedBy": "Terraform",
              "Purpose": "Application-Gateway"
            },
            "timeouts": null,
            "zones": [
              "1",
              "2",
              "3"
            ]
          },
          "sensitive_attributes": [],
          "identity_schema_version": 0,
          "private": "eyJlMmJmYjczMC1lY2FhLTExZTYtOGY4OC0zNDM2M2JjN2M0YzAiOnsiY3JlYXRlIjoxODAwMDAwMDAwMDAwLCJkZWxldGUiOjE4MDAwMDAwMDAwMDAsInJlYWQiOjMwMDAwMDAwMDAwMCwidXBkYXRlIjoxODAwMDAwMDAwMDAwfX0=",
          "dependencies": [
            "azurerm_resource_group.rg"
          ]
        }
      ]
    },
    {
      "module": "module.network_central",
      "mode": "managed",
      "type": "azurerm_public_ip",
      "name": "lb_pip",
      "provider": "provider[\"registry.terraform.io/hashicorp/azurerm\"]",
      "instances": [
        {
          "schema_version": 0,
          "attributes": {
            "allocation_method": "Static",
            "ddos_protection_mode": "VirtualNetworkInherited",
            "ddos_protection_plan_id": null,
            "domain_name_label": "www-lb-koreacentral",
            "domain_name_label_scope": "",
            "edge_zone": "",
            "fqdn": "www-lb-koreacentral.koreacentral.cloudapp.azure.com",
            "id": "/subscriptions/99b79efe-ebd6-468c-b39f-5669acb259e1/resourceGroups/04-t1-www-rg/providers/Microsoft.Network/publicIPAddresses/www-lb-pip",
            "idle_timeout_in_minutes": 4,
            "ip_address": "4.230.89.201",
            "ip_tags": {},
            "ip_version": "IPv4",
            "location": "koreacentral",
            "name": "www-lb-pip",
            "public_ip_prefix_id": null,
            "resource_group_name": "04-t1-www-rg",
            "reverse_fqdn": "",
            "sku": "Standard",
            "sku_tier": "Regional",
            "tags": {
              "Environment": "Production",
              "ManagedBy": "Terraform",
              "Purpose": "Load-Balancer"
            },
            "timeouts": null,
            "zones": [
              "1",
              "2",
              "3"
            ]
          },
          "sensitive_attributes": [],
          "identity_schema_version": 0,
          "private": "eyJlMmJmYjczMC1lY2FhLTExZTYtOGY4OC0zNDM2M2JjN2M0YzAiOnsiY3JlYXRlIjoxODAwMDAwMDAwMDAwLCJkZWxldGUiOjE4MDAwMDAwMDAwMDAsInJlYWQiOjMwMDAwMDAwMDAwMCwidXBkYXRlIjoxODAwMDAwMDAwMDAwfX0=",
          "dependencies": [
            "azurerm_resource_group.rg"
          ]
        }
      ]
    },
    {
      "module": "module.network_central",
      "mode": "managed",
      "type": "azurerm_public_ip",
      "name": "nat_pip",
      "provider": "provider[\"registry.terraform.io/hashicorp/azurerm\"]",
      "instances": [
        {
          "index_key": 0,
          "schema_version": 0,
          "attributes": {
            "allocation_method": "Static",
            "ddos_protection_mode": "VirtualNetworkInherited",
            "ddos_protection_plan_id": null,
            "domain_name_label": null,
            "domain_name_label_scope": null,
            "edge_zone": "",
            "fqdn": null,
            "id": "/subscriptions/99b79efe-ebd6-468c-b39f-5669acb259e1/resourceGroups/04-t1-www-rg/providers/Microsoft.Network/publicIPAddresses/www-nat-pip",
            "idle_timeout_in_minutes": 4,
            "ip_address": "20.196.129.97",
            "ip_tags": {},
            "ip_version": "IPv4",
            "location": "koreacentral",
            "name": "www-nat-pip",
            "public_ip_prefix_id": null,
            "resource_group_name": "04-t1-www-rg",
            "reverse_fqdn": null,
            "sku": "Standard",
            "sku_tier": "Regional",
            "tags": {
              "Environment": "Production",
              "ManagedBy": "Terraform",
              "Purpose": "NAT-Gateway"
            },
            "timeouts": null,
            "zones": [
              "1"
            ]
          },
          "sensitive_attributes": [],
          "identity_schema_version": 0,
          "private": "eyJlMmJmYjczMC1lY2FhLTExZTYtOGY4OC0zNDM2M2JjN2M0YzAiOnsiY3JlYXRlIjoxODAwMDAwMDAwMDAwLCJkZWxldGUiOjE4MDAwMDAwMDAwMDAsInJlYWQiOjMwMDAwMDAwMDAwMCwidXBkYXRlIjoxODAwMDAwMDAwMDAwfX0=",
          "dependencies": [
            "azurerm_resource_group.rg"
          ]
        }
      ]
    },
    {
      "module": "module.network_central",
      "mode": "managed",
      "type": "azurerm_subnet",
      "name": "subnets",
      "provider": "provider[\"registry.terraform.io/hashicorp/azurerm\"]",
      "instances": [
        {
          "index_key": "www-appgw",
          "schema_version": 0,
          "attributes": {
            "address_prefixes": [
              "192.168.3.0/24"
            ],
            "default_outbound_access_enabled": true,
            "delegation": [],
            "id": "/subscriptions/99b79efe-ebd6-468c-b39f-5669acb259e1/resourceGroups/04-t1-www-rg/providers/Microsoft.Network/virtualNetworks/vnet0/subnets/www-appgw",
            "ip_address_pool": [],
            "name": "www-appgw",
            "private_endpoint_network_policies": "Disabled",
            "private_link_service_network_policies_enabled": true,
            "resource_group_name": "04-t1-www-rg",
            "service_endpoint_policy_ids": [],
            "service_endpoints": [],
            "sharing_scope": "",
            "timeouts": null,
            "virtual_network_name": "vnet0"
          },
          "sensitive_attributes": [],
          "identity_schema_version": 0,
          "identity": {
            "name": "www-appgw",
            "resource_group_name": "04-t1-www-rg",
            "subscription_id": "99b79efe-ebd6-468c-b39f-5669acb259e1",
            "virtual_network_name": "vnet0"
          },
          "private": "eyJlMmJmYjczMC1lY2FhLTExZTYtOGY4OC0zNDM2M2JjN2M0YzAiOnsiY3JlYXRlIjoxODAwMDAwMDAwMDAwLCJkZWxldGUiOjE4MDAwMDAwMDAwMDAsInJlYWQiOjMwMDAwMDAwMDAwMCwidXBkYXRlIjoxODAwMDAwMDAwMDAwfX0=",
          "dependencies": [
            "azurerm_resource_group.rg",
            "module.network_central.azurerm_virtual_network.vnet"
          ]
        },
        {
          "index_key": "www-db",
          "schema_version": 0,
          "attributes": {
            "address_prefixes": [
              "172.16.1.0/24"
            ],
            "default_outbound_access_enabled": false,
            "delegation": [],
            "id": "/subscriptions/99b79efe-ebd6-468c-b39f-5669acb259e1/resourceGroups/04-t1-www-rg/providers/Microsoft.Network/virtualNetworks/vnet0/subnets/www-db",
            "ip_address_pool": [],
            "name": "www-db",
            "private_endpoint_network_policies": "Disabled",
            "private_link_service_network_policies_enabled": true,
            "resource_group_name": "04-t1-www-rg",
            "service_endpoint_policy_ids": [],
            "service_endpoints": [],
            "sharing_scope": "",
            "timeouts": null,
            "virtual_network_name": "vnet0"
          },
          "sensitive_attributes": [],
          "identity_schema_version": 0,
          "identity": {
            "name": "www-db",
            "resource_group_name": "04-t1-www-rg",
            "subscription_id": "99b79efe-ebd6-468c-b39f-5669acb259e1",
            "virtual_network_name": "vnet0"
          },
          "private": "eyJlMmJmYjczMC1lY2FhLTExZTYtOGY4OC0zNDM2M2JjN2M0YzAiOnsiY3JlYXRlIjoxODAwMDAwMDAwMDAwLCJkZWxldGUiOjE4MDAwMDAwMDAwMDAsInJlYWQiOjMwMDAwMDAwMDAwMCwidXBkYXRlIjoxODAwMDAwMDAwMDAwfX0=",
          "dependencies": [
            "azurerm_resource_group.rg",
            "module.network_central.azurerm_virtual_network.vnet"
          ]
        },
        {
          "index_key": "www-load",
          "schema_version": 0,
          "attributes": {
            "address_prefixes": [
              "192.168.4.0/24"
            ],
            "default_outbound_access_enabled": true,
            "delegation": [],
            "id": "/subscriptions/99b79efe-ebd6-468c-b39f-5669acb259e1/resourceGroups/04-t1-www-rg/providers/Microsoft.Network/virtualNetworks/vnet0/subnets/www-load",
            "ip_address_pool": [],
            "name": "www-load",
            "private_endpoint_network_policies": "Disabled",
            "private_link_service_network_policies_enabled": true,
            "resource_group_name": "04-t1-www-rg",
            "service_endpoint_policy_ids": [],
            "service_endpoints": [],
            "sharing_scope": "",
            "timeouts": null,
            "virtual_network_name": "vnet0"
          },
          "sensitive_attributes": [],
          "identity_schema_version": 0,
          "identity": {
            "name": "www-load",
            "resource_group_name": "04-t1-www-rg",
            "subscription_id": "99b79efe-ebd6-468c-b39f-5669acb259e1",
            "virtual_network_name": "vnet0"
          },
          "private": "eyJlMmJmYjczMC1lY2FhLTExZTYtOGY4OC0zNDM2M2JjN2M0YzAiOnsiY3JlYXRlIjoxODAwMDAwMDAwMDAwLCJkZWxldGUiOjE4MDAwMDAwMDAwMDAsInJlYWQiOjMwMDAwMDAwMDAwMCwidXBkYXRlIjoxODAwMDAwMDAwMDAwfX0=",
          "dependencies": [
            "azurerm_resource_group.rg",
            "module.network_central.azurerm_virtual_network.vnet"
          ]
        },
        {
          "index_key": "www-nat",
          "schema_version": 0,
          "attributes": {
            "address_prefixes": [
              "10.0.1.0/24"
            ],
            "default_outbound_access_enabled": true,
            "delegation": [],
            "id": "/subscriptions/99b79efe-ebd6-468c-b39f-5669acb259e1/resourceGroups/04-t1-www-rg/providers/Microsoft.Network/virtualNetworks/vnet0/subnets/www-nat",
            "ip_address_pool": [],
            "name": "www-nat",
            "private_endpoint_network_policies": "Disabled",
            "private_link_service_network_policies_enabled": true,
            "resource_group_name": "04-t1-www-rg",
            "service_endpoint_policy_ids": [],
            "service_endpoints": [],
            "sharing_scope": "",
            "timeouts": null,
            "virtual_network_name": "vnet0"
          },
          "sensitive_attributes": [],
          "identity_schema_version": 0,
          "identity": {
            "name": "www-nat",
            "resource_group_name": "04-t1-www-rg",
            "subscription_id": "99b79efe-ebd6-468c-b39f-5669acb259e1",
            "virtual_network_name": "vnet0"
          },
          "private": "eyJlMmJmYjczMC1lY2FhLTExZTYtOGY4OC0zNDM2M2JjN2M0YzAiOnsiY3JlYXRlIjoxODAwMDAwMDAwMDAwLCJkZWxldGUiOjE4MDAwMDAwMDAwMDAsInJlYWQiOjMwMDAwMDAwMDAwMCwidXBkYXRlIjoxODAwMDAwMDAwMDAwfX0=",
          "dependencies": [
            "azurerm_resource_group.rg",
            "module.network_central.azurerm_virtual_network.vnet"
          ]
        },
        {
          "index_key": "www-stor",
          "schema_version": 0,
          "attributes": {
            "address_prefixes": [
              "172.16.2.0/24"
            ],
            "default_outbound_access_enabled": false,
            "delegation": [],
            "id": "/subscriptions/99b79efe-ebd6-468c-b39f-5669acb259e1/resourceGroups/04-t1-www-rg/providers/Microsoft.Network/virtualNetworks/vnet0/subnets/www-stor",
            "ip_address_pool": [],
            "name": "www-stor",
            "private_endpoint_network_policies": "Disabled",
            "private_link_service_network_policies_enabled": true,
            "resource_group_name": "04-t1-www-rg",
            "service_endpoint_policy_ids": [],
            "service_endpoints": [
              "Microsoft.Storage"
            ],
            "sharing_scope": "",
            "timeouts": null,
            "virtual_network_name": "vnet0"
          },
          "sensitive_attributes": [],
          "identity_schema_version": 0,
          "identity": {
            "name": "www-stor",
            "resource_group_name": "04-t1-www-rg",
            "subscription_id": "99b79efe-ebd6-468c-b39f-5669acb259e1",
            "virtual_network_name": "vnet0"
          },
          "private": "eyJlMmJmYjczMC1lY2FhLTExZTYtOGY4OC0zNDM2M2JjN2M0YzAiOnsiY3JlYXRlIjoxODAwMDAwMDAwMDAwLCJkZWxldGUiOjE4MDAwMDAwMDAwMDAsInJlYWQiOjMwMDAwMDAwMDAwMCwidXBkYXRlIjoxODAwMDAwMDAwMDAwfX0=",
          "dependencies": [
            "azurerm_resource_group.rg",
            "module.network_central.azurerm_virtual_network.vnet"
          ]
        },
        {
          "index_key": "www-vmss",
          "schema_version": 0,
          "attributes": {
            "address_prefixes": [
              "192.168.1.0/24"
            ],
            "default_outbound_access_enabled": false,
            "delegation": [],
            "id": "/subscriptions/99b79efe-ebd6-468c-b39f-5669acb259e1/resourceGroups/04-t1-www-rg/providers/Microsoft.Network/virtualNetworks/vnet0/subnets/www-vmss",
            "ip_address_pool": [],
            "name": "www-vmss",
            "private_endpoint_network_policies": "Disabled",
            "private_link_service_network_policies_enabled": true,
            "resource_group_name": "04-t1-www-rg",
            "service_endpoint_policy_ids": [],
            "service_endpoints": [],
            "sharing_scope": "",
            "timeouts": null,
            "virtual_network_name": "vnet0"
          },
          "sensitive_attributes": [],
          "identity_schema_version": 0,
          "identity": {
            "name": "www-vmss",
            "resource_group_name": "04-t1-www-rg",
            "subscription_id": "99b79efe-ebd6-468c-b39f-5669acb259e1",
            "virtual_network_name": "vnet0"
          },
          "private": "eyJlMmJmYjczMC1lY2FhLTExZTYtOGY4OC0zNDM2M2JjN2M0YzAiOnsiY3JlYXRlIjoxODAwMDAwMDAwMDAwLCJkZWxldGUiOjE4MDAwMDAwMDAwMDAsInJlYWQiOjMwMDAwMDAwMDAwMCwidXBkYXRlIjoxODAwMDAwMDAwMDAwfX0=",
          "dependencies": [
            "azurerm_resource_group.rg",
            "module.network_central.azurerm_virtual_network.vnet"
          ]
        },
        {
          "index_key": "www-was",
          "schema_version": 0,
          "attributes": {
            "address_prefixes": [
              "192.168.5.0/24"
            ],
            "default_outbound_access_enabled": false,
            "delegation": [],
            "id": "/subscriptions/99b79efe-ebd6-468c-b39f-5669acb259e1/resourceGroups/04-t1-www-rg/providers/Microsoft.Network/virtualNetworks/vnet0/subnets/www-was",
            "ip_address_pool": [],
            "name": "www-was",
            "private_endpoint_network_policies": "Disabled",
            "private_link_service_network_policies_enabled": true,
            "resource_group_name": "04-t1-www-rg",
            "service_endpoint_policy_ids": [],
            "service_endpoints": [
              "Microsoft.KeyVault"
            ],
            "sharing_scope": "",
            "timeouts": null,
            "virtual_network_name": "vnet0"
          },
          "sensitive_attributes": [],
          "identity_schema_version": 0,
          "identity": {
            "name": "www-was",
            "resource_group_name": "04-t1-www-rg",
            "subscription_id": "99b79efe-ebd6-468c-b39f-5669acb259e1",
            "virtual_network_name": "vnet0"
          },
          "private": "eyJlMmJmYjczMC1lY2FhLTExZTYtOGY4OC0zNDM2M2JjN2M0YzAiOnsiY3JlYXRlIjoxODAwMDAwMDAwMDAwLCJkZWxldGUiOjE4MDAwMDAwMDAwMDAsInJlYWQiOjMwMDAwMDAwMDAwMCwidXBkYXRlIjoxODAwMDAwMDAwMDAwfX0=",
          "dependencies": [
            "azurerm_resource_group.rg",
            "module.network_central.azurerm_virtual_network.vnet"
          ]
        },
        {
          "index_key": "www-web",
          "schema_version": 0,
          "attributes": {
            "address_prefixes": [
              "192.168.2.0/24"
            ],
            "default_outbound_access_enabled": false,
            "delegation": [],
            "id": "/subscriptions/99b79efe-ebd6-468c-b39f-5669acb259e1/resourceGroups/04-t1-www-rg/providers/Microsoft.Network/virtualNetworks/vnet0/subnets/www-web",
            "ip_address_pool": [],
            "name": "www-web",
            "private_endpoint_network_policies": "Disabled",
            "private_link_service_network_policies_enabled": true,
            "resource_group_name": "04-t1-www-rg",
            "service_endpoint_policy_ids": [],
            "service_endpoints": [
              "Microsoft.KeyVault"
            ],
            "sharing_scope": "",
            "timeouts": null,
            "virtual_network_name": "vnet0"
          },
          "sensitive_attributes": [],
          "identity_schema_version": 0,
          "identity": {
            "name": "www-web",
            "resource_group_name": "04-t1-www-rg",
            "subscription_id": "99b79efe-ebd6-468c-b39f-5669acb259e1",
            "virtual_network_name": "vnet0"
          },
          "private": "eyJlMmJmYjczMC1lY2FhLTExZTYtOGY4OC0zNDM2M2JjN2M0YzAiOnsiY3JlYXRlIjoxODAwMDAwMDAwMDAwLCJkZWxldGUiOjE4MDAwMDAwMDAwMDAsInJlYWQiOjMwMDAwMDAwMDAwMCwidXBkYXRlIjoxODAwMDAwMDAwMDAwfX0=",
          "dependencies": [
            "azurerm_resource_group.rg",
            "module.network_central.azurerm_virtual_network.vnet"
          ]
        }
      ]
    },
    {
      "module": "module.network_central",
      "mode": "managed",
      "type": "azurerm_subnet_nat_gateway_association",
      "name": "nat_subnet_assoc",
      "provider": "provider[\"registry.terraform.io/hashicorp/azurerm\"]",
      "instances": [
        {
          "index_key": 0,
          "schema_version": 0,
          "attributes": {
            "id": "/subscriptions/99b79efe-ebd6-468c-b39f-5669acb259e1/resourceGroups/04-t1-www-rg/providers/Microsoft.Network/virtualNetworks/vnet0/subnets/www-nat",
            "nat_gateway_id": "/subscriptions/99b79efe-ebd6-468c-b39f-5669acb259e1/resourceGroups/04-t1-www-rg/providers/Microsoft.Network/natGateways/www-nat",
            "subnet_id": "/subscriptions/99b79efe-ebd6-468c-b39f-5669acb259e1/resourceGroups/04-t1-www-rg/providers/Microsoft.Network/virtualNetworks/vnet0/subnets/www-nat",
            "timeouts": null
          },
          "sensitive_attributes": [],
          "identity_schema_version": 0,
          "private": "eyJlMmJmYjczMC1lY2FhLTExZTYtOGY4OC0zNDM2M2JjN2M0YzAiOnsiY3JlYXRlIjoxODAwMDAwMDAwMDAwLCJkZWxldGUiOjE4MDAwMDAwMDAwMDAsInJlYWQiOjMwMDAwMDAwMDAwMH19",
          "dependencies": [
            "azurerm_resource_group.rg",
            "module.network_central.azurerm_nat_gateway.nat_gw",
            "module.network_central.azurerm_subnet.subnets",
            "module.network_central.azurerm_virtual_network.vnet"
          ]
        }
      ]
    },
    {
      "module": "module.network_central",
      "mode": "managed",
      "type": "azurerm_subnet_nat_gateway_association",
      "name": "nat_vmss_assoc",
      "provider": "provider[\"registry.terraform.io/hashicorp/azurerm\"]",
      "instances": [
        {
          "index_key": 0,
          "schema_version": 0,
          "attributes": {
            "id": "/subscriptions/99b79efe-ebd6-468c-b39f-5669acb259e1/resourceGroups/04-t1-www-rg/providers/Microsoft.Network/virtualNetworks/vnet0/subnets/www-vmss",
            "nat_gateway_id": "/subscriptions/99b79efe-ebd6-468c-b39f-5669acb259e1/resourceGroups/04-t1-www-rg/providers/Microsoft.Network/natGateways/www-nat",
            "subnet_id": "/subscriptions/99b79efe-ebd6-468c-b39f-5669acb259e1/resourceGroups/04-t1-www-rg/providers/Microsoft.Network/virtualNetworks/vnet0/subnets/www-vmss",
            "timeouts": null
          },
          "sensitive_attributes": [],
          "identity_schema_version": 0,
          "private": "eyJlMmJmYjczMC1lY2FhLTExZTYtOGY4OC0zNDM2M2JjN2M0YzAiOnsiY3JlYXRlIjoxODAwMDAwMDAwMDAwLCJkZWxldGUiOjE4MDAwMDAwMDAwMDAsInJlYWQiOjMwMDAwMDAwMDAwMH19",
          "dependencies": [
            "azurerm_resource_group.rg",
            "module.network_central.azurerm_nat_gateway.nat_gw",
            "module.network_central.azurerm_subnet.subnets",
            "module.network_central.azurerm_virtual_network.vnet"
          ]
        }
      ]
    },
    {
      "module": "module.network_central",
      "mode": "managed",
      "type": "azurerm_subnet_nat_gateway_association",
      "name": "nat_was_assoc",
      "provider": "provider[\"registry.terraform.io/hashicorp/azurerm\"]",
      "instances": [
        {
          "index_key": 0,
          "schema_version": 0,
          "attributes": {
            "id": "/subscriptions/99b79efe-ebd6-468c-b39f-5669acb259e1/resourceGroups/04-t1-www-rg/providers/Microsoft.Network/virtualNetworks/vnet0/subnets/www-was",
            "nat_gateway_id": "/subscriptions/99b79efe-ebd6-468c-b39f-5669acb259e1/resourceGroups/04-t1-www-rg/providers/Microsoft.Network/natGateways/www-nat",
            "subnet_id": "/subscriptions/99b79efe-ebd6-468c-b39f-5669acb259e1/resourceGroups/04-t1-www-rg/providers/Microsoft.Network/virtualNetworks/vnet0/subnets/www-was",
            "timeouts": null
          },
          "sensitive_attributes": [],
          "identity_schema_version": 0,
          "private": "eyJlMmJmYjczMC1lY2FhLTExZTYtOGY4OC0zNDM2M2JjN2M0YzAiOnsiY3JlYXRlIjoxODAwMDAwMDAwMDAwLCJkZWxldGUiOjE4MDAwMDAwMDAwMDAsInJlYWQiOjMwMDAwMDAwMDAwMH19",
          "dependencies": [
            "azurerm_resource_group.rg",
            "module.network_central.azurerm_nat_gateway.nat_gw",
            "module.network_central.azurerm_subnet.subnets",
            "module.network_central.azurerm_virtual_network.vnet"
          ]
        }
      ]
    },
    {
      "module": "module.network_central",
      "mode": "managed",
      "type": "azurerm_subnet_nat_gateway_association",
      "name": "nat_web_assoc",
      "provider": "provider[\"registry.terraform.io/hashicorp/azurerm\"]",
      "instances": [
        {
          "index_key": 0,
          "schema_version": 0,
          "attributes": {
            "id": "/subscriptions/99b79efe-ebd6-468c-b39f-5669acb259e1/resourceGroups/04-t1-www-rg/providers/Microsoft.Network/virtualNetworks/vnet0/subnets/www-web",
            "nat_gateway_id": "/subscriptions/99b79efe-ebd6-468c-b39f-5669acb259e1/resourceGroups/04-t1-www-rg/providers/Microsoft.Network/natGateways/www-nat",
            "subnet_id": "/subscriptions/99b79efe-ebd6-468c-b39f-5669acb259e1/resourceGroups/04-t1-www-rg/providers/Microsoft.Network/virtualNetworks/vnet0/subnets/www-web",
            "timeouts": null
          },
          "sensitive_attributes": [],
          "identity_schema_version": 0,
          "private": "eyJlMmJmYjczMC1lY2FhLTExZTYtOGY4OC0zNDM2M2JjN2M0YzAiOnsiY3JlYXRlIjoxODAwMDAwMDAwMDAwLCJkZWxldGUiOjE4MDAwMDAwMDAwMDAsInJlYWQiOjMwMDAwMDAwMDAwMH19",
          "dependencies": [
            "azurerm_resource_group.rg",
            "module.network_central.azurerm_nat_gateway.nat_gw",
            "module.network_central.azurerm_subnet.subnets",
            "module.network_central.azurerm_virtual_network.vnet"
          ]
        }
      ]
    },
    {
      "module": "module.network_central",
      "mode": "managed",
      "type": "azurerm_traffic_manager_azure_endpoint",
      "name": "www_tm_endpoint_primary",
      "provider": "provider[\"registry.terraform.io/hashicorp/azurerm\"]",
      "instances": [
        {
          "schema_version": 0,
          "attributes": {
            "always_serve_enabled": false,
            "custom_header": [],
            "enabled": true,
            "geo_mappings": [],
            "id": "/subscriptions/99b79efe-ebd6-468c-b39f-5669acb259e1/resourceGroups/04-t1-www-rg/providers/Microsoft.Network/trafficManagerProfiles/www-tm-g3brsl/AzureEndpoints/www-tm-endpoint-primary",
            "name": "www-tm-endpoint-primary",
            "priority": 1,
            "profile_id": "/subscriptions/99b79efe-ebd6-468c-b39f-5669acb259e1/resourceGroups/04-t1-www-rg/providers/Microsoft.Network/trafficManagerProfiles/www-tm-g3brsl",
            "subnet": [],
            "target_resource_id": "/subscriptions/99b79efe-ebd6-468c-b39f-5669acb259e1/resourceGroups/04-t1-www-rg/providers/Microsoft.Network/publicIPAddresses/www-appgw-pip",
            "timeouts": null,
            "weight": 100
          },
          "sensitive_attributes": [],
          "identity_schema_version": 0,
          "private": "eyJlMmJmYjczMC1lY2FhLTExZTYtOGY4OC0zNDM2M2JjN2M0YzAiOnsiY3JlYXRlIjoxODAwMDAwMDAwMDAwLCJkZWxldGUiOjE4MDAwMDAwMDAwMDAsInJlYWQiOjMwMDAwMDAwMDAwMCwidXBkYXRlIjoxODAwMDAwMDAwMDAwfX0=",
          "dependencies": [
            "azurerm_resource_group.rg",
            "module.network_central.azurerm_public_ip.appgw_pip",
            "module.network_central.azurerm_traffic_manager_profile.www_tm",
            "module.network_central.random_string.tm_suffix"
          ]
        }
      ]
    },
    {
      "module": "module.network_central",
      "mode": "managed",
      "type": "azurerm_traffic_manager_profile",
      "name": "www_tm",
      "provider": "provider[\"registry.terraform.io/hashicorp/azurerm\"]",
      "instances": [
        {
          "schema_version": 0,
          "attributes": {
            "dns_config": [
              {
                "relative_name": "www-tm-g3brsl",
                "ttl": 60
              }
            ],
            "fqdn": "www-tm-g3brsl.trafficmanager.net",
            "id": "/subscriptions/99b79efe-ebd6-468c-b39f-5669acb259e1/resourceGroups/04-t1-www-rg/providers/Microsoft.Network/trafficManagerProfiles/www-tm-g3brsl",
            "max_return": 0,
            "monitor_config": [
              {
                "custom_header": [],
                "expected_status_code_ranges": [],
                "interval_in_seconds": 30,
                "path": "/",
                "port": 443,
                "protocol": "HTTPS",
                "timeout_in_seconds": 9,
                "tolerated_number_of_failures": 3
              }
            ],
            "name": "www-tm-g3brsl",
            "profile_status": "Enabled",
            "resource_group_name": "04-t1-www-rg",
            "tags": {
              "Environment": "Production",
              "ManagedBy": "Terraform",
              "Purpose": "Global-Traffic-Management"
            },
            "timeouts": null,
            "traffic_routing_method": "Priority",
            "traffic_view_enabled": false
          },
          "sensitive_attributes": [],
          "identity_schema_version": 0,
          "private": "eyJlMmJmYjczMC1lY2FhLTExZTYtOGY4OC0zNDM2M2JjN2M0YzAiOnsiY3JlYXRlIjoxODAwMDAwMDAwMDAwLCJkZWxldGUiOjE4MDAwMDAwMDAwMDAsInJlYWQiOjMwMDAwMDAwMDAwMCwidXBkYXRlIjoxODAwMDAwMDAwMDAwfX0=",
          "dependencies": [
            "azurerm_resource_group.rg",
            "module.network_central.random_string.tm_suffix"
          ]
        }
      ]
    },
    {
      "module": "module.network_central",
      "mode": "managed",
      "type": "azurerm_virtual_network",
      "name": "vnet",
      "provider": "provider[\"registry.terraform.io/hashicorp/azurerm\"]",
      "instances": [
        {
          "schema_version": 0,
          "attributes": {
            "address_space": [
              "10.0.0.0/16",
              "172.16.0.0/16",
              "192.168.0.0/16"
            ],
            "bgp_community": "",
            "ddos_protection_plan": [],
            "dns_servers": [],
            "edge_zone": "",
            "encryption": [],
            "flow_timeout_in_minutes": 0,
            "guid": "4a832a1a-5b88-42fe-8b52-f903bbabc40a",
            "id": "/subscriptions/99b79efe-ebd6-468c-b39f-5669acb259e1/resourceGroups/04-t1-www-rg/providers/Microsoft.Network/virtualNetworks/vnet0",
            "ip_address_pool": [],
            "location": "koreacentral",
            "name": "vnet0",
            "private_endpoint_vnet_policies": "Disabled",
            "resource_group_name": "04-t1-www-rg",
            "subnet": [
              {
                "address_prefixes": [
                  "10.0.1.0/24"
                ],
                "default_outbound_access_enabled": true,
                "delegation": [],
                "id": "/subscriptions/99b79efe-ebd6-468c-b39f-5669acb259e1/resourceGroups/04-t1-www-rg/providers/Microsoft.Network/virtualNetworks/vnet0/subnets/www-nat",
                "name": "www-nat",
                "private_endpoint_network_policies": "Disabled",
                "private_link_service_network_policies_enabled": true,
                "route_table_id": "",
                "security_group": "",
                "service_endpoint_policy_ids": [],
                "service_endpoints": []
              },
              {
                "address_prefixes": [
                  "172.16.1.0/24"
                ],
                "default_outbound_access_enabled": false,
                "delegation": [],
                "id": "/subscriptions/99b79efe-ebd6-468c-b39f-5669acb259e1/resourceGroups/04-t1-www-rg/providers/Microsoft.Network/virtualNetworks/vnet0/subnets/www-db",
                "name": "www-db",
                "private_endpoint_network_policies": "Disabled",
                "private_link_service_network_policies_enabled": true,
                "route_table_id": "",
                "security_group": "/subscriptions/99b79efe-ebd6-468c-b39f-5669acb259e1/resourceGroups/04-t1-www-rg/providers/Microsoft.Network/networkSecurityGroups/www-nsg-db",
                "service_endpoint_policy_ids": [],
                "service_endpoints": []
              },
              {
                "address_prefixes": [
                  "172.16.2.0/24"
                ],
                "default_outbound_access_enabled": false,
                "delegation": [],
                "id": "/subscriptions/99b79efe-ebd6-468c-b39f-5669acb259e1/resourceGroups/04-t1-www-rg/providers/Microsoft.Network/virtualNetworks/vnet0/subnets/www-stor",
                "name": "www-stor",
                "private_endpoint_network_policies": "Disabled",
                "private_link_service_network_policies_enabled": true,
                "route_table_id": "",
                "security_group": "/subscriptions/99b79efe-ebd6-468c-b39f-5669acb259e1/resourceGroups/04-t1-www-rg/providers/Microsoft.Network/networkSecurityGroups/www-nsg-db",
                "service_endpoint_policy_ids": [],
                "service_endpoints": [
                  "Microsoft.Storage"
                ]
              },
              {
                "address_prefixes": [
                  "192.168.1.0/24"
                ],
                "default_outbound_access_enabled": false,
                "delegation": [],
                "id": "/subscriptions/99b79efe-ebd6-468c-b39f-5669acb259e1/resourceGroups/04-t1-www-rg/providers/Microsoft.Network/virtualNetworks/vnet0/subnets/www-vmss",
                "name": "www-vmss",
                "private_endpoint_network_policies": "Disabled",
                "private_link_service_network_policies_enabled": true,
                "route_table_id": "",
                "security_group": "/subscriptions/99b79efe-ebd6-468c-b39f-5669acb259e1/resourceGroups/04-t1-www-rg/providers/Microsoft.Network/networkSecurityGroups/www-nsg-http",
                "service_endpoint_policy_ids": [],
                "service_endpoints": []
              },
              {
                "address_prefixes": [
                  "192.168.2.0/24"
                ],
                "default_outbound_access_enabled": false,
                "delegation": [],
                "id": "/subscriptions/99b79efe-ebd6-468c-b39f-5669acb259e1/resourceGroups/04-t1-www-rg/providers/Microsoft.Network/virtualNetworks/vnet0/subnets/www-web",
                "name": "www-web",
                "private_endpoint_network_policies": "Disabled",
                "private_link_service_network_policies_enabled": true,
                "route_table_id": "",
                "security_group": "/subscriptions/99b79efe-ebd6-468c-b39f-5669acb259e1/resourceGroups/04-t1-www-rg/providers/Microsoft.Network/networkSecurityGroups/www-nsg-http",
                "service_endpoint_policy_ids": [],
                "service_endpoints": [
                  "Microsoft.KeyVault"
                ]
              },
              {
                "address_prefixes": [
                  "192.168.3.0/24"
                ],
                "default_outbound_access_enabled": true,
                "delegation": [],
                "id": "/subscriptions/99b79efe-ebd6-468c-b39f-5669acb259e1/resourceGroups/04-t1-www-rg/providers/Microsoft.Network/virtualNetworks/vnet0/subnets/www-appgw",
                "name": "www-appgw",
                "private_endpoint_network_policies": "Disabled",
                "private_link_service_network_policies_enabled": true,
                "route_table_id": "",
                "security_group": "/subscriptions/99b79efe-ebd6-468c-b39f-5669acb259e1/resourceGroups/04-t1-www-rg/providers/Microsoft.Network/networkSecurityGroups/www-nsg-appgw",
                "service_endpoint_policy_ids": [],
                "service_endpoints": []
              },
              {
                "address_prefixes": [
                  "192.168.4.0/24"
                ],
                "default_outbound_access_enabled": true,
                "delegation": [],
                "id": "/subscriptions/99b79efe-ebd6-468c-b39f-5669acb259e1/resourceGroups/04-t1-www-rg/providers/Microsoft.Network/virtualNetworks/vnet0/subnets/www-load",
                "name": "www-load",
                "private_endpoint_network_policies": "Disabled",
                "private_link_service_network_policies_enabled": true,
                "route_table_id": "",
                "security_group": "",
                "service_endpoint_policy_ids": [],
                "service_endpoints": []
              },
              {
                "address_prefixes": [
                  "192.168.5.0/24"
                ],
                "default_outbound_access_enabled": false,
                "delegation": [],
                "id": "/subscriptions/99b79efe-ebd6-468c-b39f-5669acb259e1/resourceGroups/04-t1-www-rg/providers/Microsoft.Network/virtualNetworks/vnet0/subnets/www-was",
                "name": "www-was",
                "private_endpoint_network_policies": "Disabled",
                "private_link_service_network_policies_enabled": true,
                "route_table_id": "",
                "security_group": "/subscriptions/99b79efe-ebd6-468c-b39f-5669acb259e1/resourceGroups/04-t1-www-rg/providers/Microsoft.Network/networkSecurityGroups/www-nsg-http",
                "service_endpoint_policy_ids": [],
                "service_endpoints": [
                  "Microsoft.KeyVault"
                ]
              }
            ],
            "tags": {
              "Environment": "Production",
              "ManagedBy": "Terraform",
              "Purpose": "Main-VNet"
            },
            "timeouts": null
          },
          "sensitive_attributes": [],
          "identity_schema_version": 0,
          "identity": {
            "name": "vnet0",
            "resource_group_name": "04-t1-www-rg",
            "subscription_id": "99b79efe-ebd6-468c-b39f-5669acb259e1"
          },
          "private": "eyJlMmJmYjczMC1lY2FhLTExZTYtOGY4OC0zNDM2M2JjN2M0YzAiOnsiY3JlYXRlIjoxODAwMDAwMDAwMDAwLCJkZWxldGUiOjE4MDAwMDAwMDAwMDAsInJlYWQiOjMwMDAwMDAwMDAwMCwidXBkYXRlIjoxODAwMDAwMDAwMDAwfX0=",
          "dependencies": [
            "azurerm_resource_group.rg"
          ]
        }
      ]
    },
    {
      "module": "module.network_central",
      "mode": "managed",
      "type": "azurerm_virtual_network_peering",
      "name": "spoke_to_hub",
      "provider": "provider[\"registry.terraform.io/hashicorp/azurerm\"]",
      "instances": [
        {
          "schema_version": 0,
          "attributes": {
            "allow_forwarded_traffic": true,
            "allow_gateway_transit": false,
            "allow_virtual_network_access": true,
            "id": "/subscriptions/99b79efe-ebd6-468c-b39f-5669acb259e1/resourceGroups/04-t1-www-rg/providers/Microsoft.Network/virtualNetworks/vnet0/virtualNetworkPeerings/spoke-to-hub",
            "local_subnet_names": [],
            "name": "spoke-to-hub",
            "only_ipv6_peering_enabled": false,
            "peer_complete_virtual_networks_enabled": true,
            "remote_subnet_names": [],
            "remote_virtual_network_id": "/subscriptions/99b79efe-ebd6-468c-b39f-5669acb259e1/resourceGroups/04-t1-www-rg/providers/Microsoft.Network/virtualNetworks/hub-vnet",
            "resource_group_name": "04-t1-www-rg",
            "timeouts": null,
            "triggers": null,
            "use_remote_gateways": false,
            "virtual_network_name": "vnet0"
          },
          "sensitive_attributes": [],
          "identity_schema_version": 0,
          "private": "eyJlMmJmYjczMC1lY2FhLTExZTYtOGY4OC0zNDM2M2JjN2M0YzAiOnsiY3JlYXRlIjoxODAwMDAwMDAwMDAwLCJkZWxldGUiOjE4MDAwMDAwMDAwMDAsInJlYWQiOjMwMDAwMDAwMDAwMCwidXBkYXRlIjoxODAwMDAwMDAwMDAwfX0=",
          "dependencies": [
            "azurerm_resource_group.rg",
            "module.hub.azurerm_virtual_network.hub_vnet",
            "module.network_central.azurerm_virtual_network.vnet"
          ]
        }
      ]
    },
    {
      "module": "module.network_central",
      "mode": "managed",
      "type": "random_string",
      "name": "tm_suffix",
      "provider": "provider[\"registry.terraform.io/hashicorp/random\"]",
      "instances": [
        {
          "schema_version": 2,
          "attributes": {
            "id": "g3brsl",
            "keepers": null,
            "length": 6,
            "lower": true,
            "min_lower": 0,
            "min_numeric": 0,
            "min_special": 0,
            "min_upper": 0,
            "number": true,
            "numeric": true,
            "override_special": null,
            "result": "g3brsl",
            "special": false,
            "upper": false
          },
          "sensitive_attributes": [],
          "identity_schema_version": 0
        }
      ]
    },
    {
      "module": "module.security",
      "mode": "data",
      "type": "azurerm_client_config",
      "name": "current",
      "provider": "provider[\"registry.terraform.io/hashicorp/azurerm\"]",
      "instances": [
        {
          "schema_version": 0,
          "attributes": {
            "client_id": "04b07795-8ddb-461a-bbee-02f9e1bf7b46",
            "id": "Y2xpZW50Q29uZmlncy9jbGllbnRJZD0wNGIwNzc5NS04ZGRiLTQ2MWEtYmJlZS0wMmY5ZTFiZjdiNDY7b2JqZWN0SWQ9NDkyMTMxYjYtNjcxYi00M2YxLWFjMWUtZGI2YTI2MjIyNTY5O3N1YnNjcmlwdGlvbklkPTk5Yjc5ZWZlLWViZDYtNDY4Yy1iMzlmLTU2NjlhY2IyNTllMTt0ZW5hbnRJZD01NDhlOWVmNC1iMWQ1LTQ4ZmEtYjIyMC01OWY1MmQ2ZGI1MTE=",
            "object_id": "492131b6-671b-43f1-ac1e-db6a26222569",
            "subscription_id": "99b79efe-ebd6-468c-b39f-5669acb259e1",
            "tenant_id": "548e9ef4-b1d5-48fa-b220-59f52d6db511",
            "timeouts": null
          },
          "sensitive_attributes": [],
          "identity_schema_version": 0
        }
      ]
    },
    {
      "module": "module.security",
      "mode": "data",
      "type": "http",
      "name": "my_ip",
      "provider": "provider[\"registry.terraform.io/hashicorp/http\"]",
      "instances": [
        {
          "schema_version": 0,
          "attributes": {
            "body": "211.227.107.208",
            "ca_cert_pem": null,
            "client_cert_pem": null,
            "client_key_pem": null,
            "id": "https://ifconfig.me/ip",
            "insecure": null,
            "method": null,
            "request_body": null,
            "request_headers": null,
            "request_timeout_ms": null,
            "response_body": "211.227.107.208",
            "response_body_base64": "MjExLjIyNy4xMDcuMjA4",
            "response_headers": {
              "Access-Control-Allow-Origin": "*",
              "Alt-Svc": "h3=\":443\"; ma=2592000,h3-29=\":443\"; ma=2592000",
              "Content-Length": "15",
              "Content-Type": "text/plain",
              "Date": "Mon, 08 Dec 2025 22:53:06 GMT",
              "Via": "1.1 google"
            },
            "retry": null,
            "status_code": 200,
            "url": "https://ifconfig.me/ip"
          },
          "sensitive_attributes": [],
          "identity_schema_version": 0
        }
      ]
    },
    {
      "module": "module.security",
      "mode": "managed",
      "type": "azurerm_application_insights",
      "name": "app_insights",
      "provider": "provider[\"registry.terraform.io/hashicorp/azurerm\"]",
      "instances": [
        {
          "schema_version": 2,
          "attributes": {
            "app_id": "7a9393fe-74f7-4992-9839-030de0fab8c7",
            "application_type": "web",
            "connection_string": "InstrumentationKey=867b31db-004f-4806-a4e0-ccebf8d084a5;IngestionEndpoint=https://koreacentral-0.in.applicationinsights.azure.com/;LiveEndpoint=https://koreacentral.livediagnostics.monitor.azure.com/;ApplicationId=7a9393fe-74f7-4992-9839-030de0fab8c7",
            "daily_data_cap_in_gb": 5,
            "daily_data_cap_notifications_disabled": false,
            "disable_ip_masking": false,
            "force_customer_storage_for_profiler": false,
            "id": "/subscriptions/99b79efe-ebd6-468c-b39f-5669acb259e1/resourceGroups/04-t1-www-rg/providers/Microsoft.Insights/components/www-app-insights",
            "instrumentation_key": "867b31db-004f-4806-a4e0-ccebf8d084a5",
            "internet_ingestion_enabled": true,
            "internet_query_enabled": true,
            "local_authentication_disabled": false,
            "location": "koreacentral",
            "name": "www-app-insights",
            "resource_group_name": "04-t1-www-rg",
            "retention_in_days": 90,
            "sampling_percentage": 100,
            "tags": {
              "Environment": "Production",
              "ManagedBy": "Terraform",
              "Purpose": "Application-Monitoring"
            },
            "timeouts": null,
            "workspace_id": "/subscriptions/99b79efe-ebd6-468c-b39f-5669acb259e1/resourceGroups/04-t1-www-rg/providers/Microsoft.OperationalInsights/workspaces/www-law"
          },
          "sensitive_attributes": [
            [
              {
                "type": "get_attr",
                "value": "connection_string"
              }
            ],
            [
              {
                "type": "get_attr",
                "value": "instrumentation_key"
              }
            ]
          ],
          "identity_schema_version": 0,
          "private": "eyJlMmJmYjczMC1lY2FhLTExZTYtOGY4OC0zNDM2M2JjN2M0YzAiOnsiY3JlYXRlIjozNjAwMDAwMDAwMDAwLCJkZWxldGUiOjE4MDAwMDAwMDAwMDAsInJlYWQiOjMwMDAwMDAwMDAwMCwidXBkYXRlIjoxODAwMDAwMDAwMDAwfSwic2NoZW1hX3ZlcnNpb24iOiIyIn0=",
          "dependencies": [
            "azurerm_resource_group.rg",
            "module.security.azurerm_log_analytics_workspace.law"
          ]
        }
      ]
    },
    {
      "module": "module.security",
      "mode": "managed",
      "type": "azurerm_key_vault",
      "name": "kv",
      "provider": "provider[\"registry.terraform.io/hashicorp/azurerm\"]",
      "instances": [
        {
          "schema_version": 2,
          "attributes": {
            "access_policy": [
              {
                "application_id": "",
                "certificate_permissions": [
                  "Delete",
                  "Update",
                  "Create",
                  "Get",
                  "List"
                ],
                "key_permissions": [
                  "Get",
                  "List",
                  "Update",
                  "Create",
                  "Import",
                  "Delete",
                  "Recover",
                  "Backup",
                  "Restore",
                  "GetRotationPolicy",
                  "SetRotationPolicy",
                  "Rotate"
                ],
                "object_id": "492131b6-671b-43f1-ac1e-db6a26222569",
                "secret_permissions": [
                  "Get",
                  "List",
                  "Set",
                  "Delete",
                  "Recover",
                  "Backup",
                  "Restore"
                ],
                "storage_permissions": [],
                "tenant_id": "548e9ef4-b1d5-48fa-b220-59f52d6db511"
              }
            ],
            "contact": [],
            "enable_rbac_authorization": true,
            "enabled_for_deployment": false,
            "enabled_for_disk_encryption": true,
            "enabled_for_template_deployment": false,
            "id": "/subscriptions/99b79efe-ebd6-468c-b39f-5669acb259e1/resourceGroups/04-t1-www-rg/providers/Microsoft.KeyVault/vaults/www-kv-7e7f667e",
            "location": "koreacentral",
            "name": "www-kv-7e7f667e",
            "network_acls": [
              {
                "bypass": "AzureServices",
                "default_action": "Deny",
                "ip_rules": [
                  "211.227.107.208/32",
                  "61.108.60.26/32"
                ],
                "virtual_network_subnet_ids": [
                  "/subscriptions/99b79efe-ebd6-468c-b39f-5669acb259e1/resourceGroups/04-t1-www-rg/providers/Microsoft.Network/virtualNetworks/vnet0/subnets/www-was",
                  "/subscriptions/99b79efe-ebd6-468c-b39f-5669acb259e1/resourceGroups/04-t1-www-rg/providers/Microsoft.Network/virtualNetworks/vnet0/subnets/www-web"
                ]
              }
            ],
            "public_network_access_enabled": true,
            "purge_protection_enabled": true,
            "rbac_authorization_enabled": true,
            "resource_group_name": "04-t1-www-rg",
            "sku_name": "premium",
            "soft_delete_retention_days": 90,
            "tags": {
              "Environment": "Production",
              "ManagedBy": "Terraform",
              "Purpose": "Secrets-Management"
            },
            "tenant_id": "548e9ef4-b1d5-48fa-b220-59f52d6db511",
            "timeouts": null,
            "vault_uri": "https://www-kv-7e7f667e.vault.azure.net/"
          },
          "sensitive_attributes": [],
          "identity_schema_version": 0,
          "private": "eyJlMmJmYjczMC1lY2FhLTExZTYtOGY4OC0zNDM2M2JjN2M0YzAiOnsiY3JlYXRlIjoxODAwMDAwMDAwMDAwLCJkZWxldGUiOjE4MDAwMDAwMDAwMDAsInJlYWQiOjMwMDAwMDAwMDAwMCwidXBkYXRlIjoxODAwMDAwMDAwMDAwfSwic2NoZW1hX3ZlcnNpb24iOiIyIn0=",
          "dependencies": [
            "azurerm_resource_group.rg",
            "module.network_central.azurerm_subnet.subnets",
            "module.network_central.azurerm_virtual_network.vnet",
            "module.security.data.azurerm_client_config.current",
            "module.security.data.http.my_ip",
            "module.security.random_id.kv"
          ]
        }
      ]
    },
    {
      "module": "module.security",
      "mode": "managed",
      "type": "azurerm_key_vault_certificate",
      "name": "ssl_cert",
      "provider": "provider[\"registry.terraform.io/hashicorp/azurerm\"]",
      "instances": [
        {
          "schema_version": 0,
          "attributes": {
            "certificate": [],
            "certificate_attribute": [
              {
                "created": "2025-12-07T15:00:51Z",
                "enabled": true,
                "expires": "2026-12-07T15:00:51Z",
                "not_before": "2025-12-07T14:50:51Z",
                "recovery_level": "Recoverable",
                "updated": "2025-12-07T15:00:51Z"
              }
            ],
            "certificate_data": "3082036D30820255A003020102021073B2D9AB26D84FBB9FFE7EFCBACADA79300D06092A864886F70D01010B0500301A311830160603550403130F7777772E30347777772E636C6F7564301E170D3235313230373134353035315A170D3236313230373135303035315A301A311830160603550403130F7777772E30347777772E636C6F756430820122300D06092A864886F70D01010105000382010F003082010A0282010100E2B41421ACEB02410BD35238EBEB6C8D14A1330D16A40EE39903237BC72F2A203D1C93106FE215E6041BD24026F418D2E909192B038A3CBFCF71D0474E69402D95506EC8C2BC732BFE69126133AC168C2EEF456B356D90D14B409802A7BD4A330BA90286FBA174006B27F5C3B2FA4B2A9BCCED197AFA889F27231083E341F760B286D48BE36794D49E646935414124197A21DB24E98220DC7888FFFC2D12E0DC1AC341E621B8DCE8071ED37F5E624CECD8329F3F4136958A1421BECB588D3ED5FEE789D628E1C427AA94E7E31A0E781A5A46D78C7D416D8A70A4F8BA7CA8E2E5F4D48B710BE118EC557C7629EE85D4F620F126FA43885858E0916D1508F224A90203010001A381AE3081AB300E0603551D0F0101FF0404030201BE30090603551D130402300030130603551D25040C300A06082B0601050507030130390603551D1104323030820F7777772E30347777772E636C6F7564820B30347777772E636C6F756482106D61696C2E30347777772E636C6F7564301F0603551D2304183016801436EA4596FEE1401F980A42A5D57A2907C208986D301D0603551D0E0416041436EA4596FEE1401F980A42A5D57A2907C208986D300D06092A864886F70D01010B050003820101008088F1413C172D19D6F522E68170C148FDEDBD42581A3EFF911735F33B6A6085E8358E5D8EFCFD703CE025F1F779767CDBF814CC17E563D8E6DA1A81FE81BDF2EF2EA5F2CEACB5B1721EC9AF1CAC8377AF0137F7E1021B5C3CE56024F0B3FF630C6B6097EAD54563065B49EBB455AC53C64D9A45A7B77A84CB05CFC7A1624D2715096E62AC1DF2EB3496EE83C4502510A5CE9C3CFAC046B0D105FC6C82F74228AAC4009D6A906EEFA97F8E6CA582774DB1A93BBD19881CCBEE3B2F3EF2CBE2D7F019716400BD82E2B09FFFD5C3121A510EEF5E3CCE49DA26F7675D9FE4A17CDC0A93BE7C00EC56F59C043D5342D505A6D4A43F06D355E170E186EC5BDD5D8E5C",
            "certificate_data_base64": "MIIDbTCCAlWgAwIBAgIQc7LZqybYT7uf/n78usraeTANBgkqhkiG9w0BAQsFADAaMRgwFgYDVQQDEw93d3cuMDR3d3cuY2xvdWQwHhcNMjUxMjA3MTQ1MDUxWhcNMjYxMjA3MTUwMDUxWjAaMRgwFgYDVQQDEw93d3cuMDR3d3cuY2xvdWQwggEiMA0GCSqGSIb3DQEBAQUAA4IBDwAwggEKAoIBAQDitBQhrOsCQQvTUjjr62yNFKEzDRakDuOZAyN7xy8qID0ckxBv4hXmBBvSQCb0GNLpCRkrA4o8v89x0EdOaUAtlVBuyMK8cyv+aRJhM6wWjC7vRWs1bZDRS0CYAqe9SjMLqQKG+6F0AGsn9cOy+ksqm8ztGXr6iJ8nIxCD40H3YLKG1IvjZ5TUnmRpNUFBJBl6Idsk6YIg3HiI//wtEuDcGsNB5iG43OgHHtN/XmJM7Ngynz9BNpWKFCG+y1iNPtX+54nWKOHEJ6qU5+MaDngaWkbXjH1BbYpwpPi6fKji5fTUi3EL4RjsVXx2Ke6F1PYg8Sb6Q4hYWOCRbRUI8iSpAgMBAAGjga4wgaswDgYDVR0PAQH/BAQDAgG+MAkGA1UdEwQCMAAwEwYDVR0lBAwwCgYIKwYBBQUHAwEwOQYDVR0RBDIwMIIPd3d3LjA0d3d3LmNsb3VkggswNHd3dy5jbG91ZIIQbWFpbC4wNHd3dy5jbG91ZDAfBgNVHSMEGDAWgBQ26kWW/uFAH5gKQqXVeikHwgiYbTAdBgNVHQ4EFgQUNupFlv7hQB+YCkKl1XopB8IImG0wDQYJKoZIhvcNAQELBQADggEBAICI8UE8Fy0Z1vUi5oFwwUj97b1CWBo+/5EXNfM7amCF6DWOXY78/XA84CXx93l2fNv4FMwX5WPY5toagf6BvfLvLqXyzqy1sXIeya8crIN3rwE39+ECG1w85WAk8LP/YwxrYJfq1UVjBltJ67RVrFPGTZpFp7d6hMsFz8ehYk0nFQluYqwd8us0lu6DxFAlEKXOnDz6wEaw0QX8bIL3QiiqxACdapBu76l/jmylgndNsak7vRmIHMvuOy8+8svi1/AZcWQAvYLisJ//1cMSGlEO7148zknaJvdnXZ/koXzcCpO+fADsVvWcBD1TQtUFptSkPwbTVeFw4YbsW91djlw=",
            "certificate_policy": [
              {
                "issuer_parameters": [
                  {
                    "name": "Self"
                  }
                ],
                "key_properties": [
                  {
                    "curve": "",
                    "exportable": true,
                    "key_size": 2048,
                    "key_type": "RSA",
                    "reuse_key": true
                  }
                ],
                "lifetime_action": [],
                "secret_properties": [
                  {
                    "content_type": "application/x-pkcs12"
                  }
                ],
                "x509_certificate_properties": [
                  {
                    "extended_key_usage": [
                      "1.3.6.1.5.5.7.3.1"
                    ],
                    "key_usage": [
                      "cRLSign",
                      "dataEncipherment",
                      "digitalSignature",
                      "keyAgreement",
                      "keyCertSign",
                      "keyEncipherment"
                    ],
                    "subject": "CN=www.04www.cloud",
                    "subject_alternative_names": [
                      {
                        "dns_names": [
                          "04www.cloud",
                          "mail.04www.cloud",
                          "www.04www.cloud"
                        ],
                        "emails": [],
                        "upns": []
                      }
                    ],
                    "validity_in_months": 12
                  }
                ]
              }
            ],
            "id": "https://www-kv-7e7f667e.vault.azure.net/certificates/www-ssl-cert/a866fab69d0048cd9773d2bb0b8d46f3",
            "key_vault_id": "/subscriptions/99b79efe-ebd6-468c-b39f-5669acb259e1/resourceGroups/04-t1-www-rg/providers/Microsoft.KeyVault/vaults/www-kv-7e7f667e",
            "name": "www-ssl-cert",
            "resource_manager_id": "/subscriptions/99b79efe-ebd6-468c-b39f-5669acb259e1/resourceGroups/04-t1-www-rg/providers/Microsoft.KeyVault/vaults/www-kv-7e7f667e/certificates/www-ssl-cert/versions/a866fab69d0048cd9773d2bb0b8d46f3",
            "resource_manager_versionless_id": "/subscriptions/99b79efe-ebd6-468c-b39f-5669acb259e1/resourceGroups/04-t1-www-rg/providers/Microsoft.KeyVault/vaults/www-kv-7e7f667e/certificates/www-ssl-cert",
            "secret_id": "https://www-kv-7e7f667e.vault.azure.net/secrets/www-ssl-cert/a866fab69d0048cd9773d2bb0b8d46f3",
            "tags": {},
            "thumbprint": "BF7F6BB7A70D7E0C12EE04F17DE60D9E8BC573F6",
            "timeouts": null,
            "version": "a866fab69d0048cd9773d2bb0b8d46f3",
            "versionless_id": "https://www-kv-7e7f667e.vault.azure.net/certificates/www-ssl-cert",
            "versionless_secret_id": "https://www-kv-7e7f667e.vault.azure.net/secrets/www-ssl-cert"
          },
          "sensitive_attributes": [],
          "identity_schema_version": 0,
          "private": "eyJlMmJmYjczMC1lY2FhLTExZTYtOGY4OC0zNDM2M2JjN2M0YzAiOnsiY3JlYXRlIjozNjAwMDAwMDAwMDAwLCJkZWxldGUiOjE4MDAwMDAwMDAwMDAsInJlYWQiOjE4MDAwMDAwMDAwMDAsInVwZGF0ZSI6MTgwMDAwMDAwMDAwMH19",
          "dependencies": [
            "azurerm_resource_group.rg",
            "module.network_central.azurerm_subnet.subnets",
            "module.network_central.azurerm_virtual_network.vnet",
            "module.security.azurerm_key_vault.kv",
            "module.security.data.azurerm_client_config.current",
            "module.security.data.http.my_ip",
            "module.security.random_id.kv"
          ]
        }
      ]
    },
    {
      "module": "module.security",
      "mode": "managed",
      "type": "azurerm_key_vault_secret",
      "name": "db_password",
      "provider": "provider[\"registry.terraform.io/hashicorp/azurerm\"]",
      "instances": [
        {
          "schema_version": 0,
          "attributes": {
            "content_type": "",
            "expiration_date": "",
            "id": "https://www-kv-7e7f667e.vault.azure.net/secrets/db-password/953e14ffe8904089bdfa16e3ae96b516",
            "key_vault_id": "/subscriptions/99b79efe-ebd6-468c-b39f-5669acb259e1/resourceGroups/04-t1-www-rg/providers/Microsoft.KeyVault/vaults/www-kv-7e7f667e",
            "name": "db-password",
            "not_before_date": "",
            "resource_id": "/subscriptions/99b79efe-ebd6-468c-b39f-5669acb259e1/resourceGroups/04-t1-www-rg/providers/Microsoft.KeyVault/vaults/www-kv-7e7f667e/secrets/db-password/versions/953e14ffe8904089bdfa16e3ae96b516",
            "resource_versionless_id": "/subscriptions/99b79efe-ebd6-468c-b39f-5669acb259e1/resourceGroups/04-t1-www-rg/providers/Microsoft.KeyVault/vaults/www-kv-7e7f667e/secrets/db-password",
            "tags": {},
            "timeouts": null,
            "value": "It12345!",
            "value_wo": null,
            "value_wo_version": 0,
            "version": "953e14ffe8904089bdfa16e3ae96b516",
            "versionless_id": "https://www-kv-7e7f667e.vault.azure.net/secrets/db-password"
          },
          "sensitive_attributes": [
            [
              {
                "type": "get_attr",
                "value": "value"
              }
            ]
          ],
          "identity_schema_version": 0,
          "private": "eyJlMmJmYjczMC1lY2FhLTExZTYtOGY4OC0zNDM2M2JjN2M0YzAiOnsiY3JlYXRlIjoxODAwMDAwMDAwMDAwLCJkZWxldGUiOjE4MDAwMDAwMDAwMDAsInJlYWQiOjE4MDAwMDAwMDAwMDAsInVwZGF0ZSI6MTgwMDAwMDAwMDAwMH19",
          "dependencies": [
            "azurerm_resource_group.rg",
            "module.network_central.azurerm_subnet.subnets",
            "module.network_central.azurerm_virtual_network.vnet",
            "module.security.azurerm_key_vault.kv",
            "module.security.azurerm_role_assignment.kv_admin_sp",
            "module.security.data.azurerm_client_config.current",
            "module.security.data.http.my_ip",
            "module.security.random_id.kv"
          ]
        }
      ]
    },
    {
      "module": "module.security",
      "mode": "managed",
      "type": "azurerm_log_analytics_solution",
      "name": "security",
      "provider": "provider[\"registry.terraform.io/hashicorp/azurerm\"]",
      "instances": [
        {
          "schema_version": 1,
          "attributes": {
            "id": "/subscriptions/99b79efe-ebd6-468c-b39f-5669acb259e1/resourceGroups/04-t1-www-rg/providers/Microsoft.OperationsManagement/solutions/Security(www-law)",
            "location": "koreacentral",
            "plan": [
              {
                "name": "Security(www-law)",
                "product": "OMSGallery/Security",
                "promotion_code": "",
                "publisher": "Microsoft"
              }
            ],
            "resource_group_name": "04-t1-www-rg",
            "solution_name": "Security",
            "tags": {},
            "timeouts": null,
            "workspace_name": "www-law",
            "workspace_resource_id": "/subscriptions/99b79efe-ebd6-468c-b39f-5669acb259e1/resourceGroups/04-t1-www-rg/providers/Microsoft.OperationalInsights/workspaces/www-law"
          },
          "sensitive_attributes": [],
          "identity_schema_version": 0,
          "private": "eyJlMmJmYjczMC1lY2FhLTExZTYtOGY4OC0zNDM2M2JjN2M0YzAiOnsiY3JlYXRlIjoxODAwMDAwMDAwMDAwLCJkZWxldGUiOjE4MDAwMDAwMDAwMDAsInJlYWQiOjMwMDAwMDAwMDAwMCwidXBkYXRlIjoxODAwMDAwMDAwMDAwfSwic2NoZW1hX3ZlcnNpb24iOiIxIn0=",
          "dependencies": [
            "azurerm_resource_group.rg",
            "module.security.azurerm_log_analytics_workspace.law"
          ]
        }
      ]
    },
    {
      "module": "module.security",
      "mode": "managed",
      "type": "azurerm_log_analytics_solution",
      "name": "sentinel",
      "provider": "provider[\"registry.terraform.io/hashicorp/azurerm\"]",
      "instances": [
        {
          "schema_version": 1,
          "attributes": {
            "id": "/subscriptions/99b79efe-ebd6-468c-b39f-5669acb259e1/resourceGroups/04-t1-www-rg/providers/Microsoft.OperationsManagement/solutions/SecurityInsights(www-law)",
            "location": "koreacentral",
            "plan": [
              {
                "name": "SecurityInsights(www-law)",
                "product": "OMSGallery/SecurityInsights",
                "promotion_code": "",
                "publisher": "Microsoft"
              }
            ],
            "resource_group_name": "04-t1-www-rg",
            "solution_name": "SecurityInsights",
            "tags": {},
            "timeouts": null,
            "workspace_name": "www-law",
            "workspace_resource_id": "/subscriptions/99b79efe-ebd6-468c-b39f-5669acb259e1/resourceGroups/04-t1-www-rg/providers/Microsoft.OperationalInsights/workspaces/www-law"
          },
          "sensitive_attributes": [],
          "identity_schema_version": 0,
          "private": "eyJlMmJmYjczMC1lY2FhLTExZTYtOGY4OC0zNDM2M2JjN2M0YzAiOnsiY3JlYXRlIjoxODAwMDAwMDAwMDAwLCJkZWxldGUiOjE4MDAwMDAwMDAwMDAsInJlYWQiOjMwMDAwMDAwMDAwMCwidXBkYXRlIjoxODAwMDAwMDAwMDAwfSwic2NoZW1hX3ZlcnNpb24iOiIxIn0=",
          "dependencies": [
            "azurerm_resource_group.rg",
            "module.security.azurerm_log_analytics_workspace.law"
          ]
        }
      ]
    },
    {
      "module": "module.security",
      "mode": "managed",
      "type": "azurerm_log_analytics_solution",
      "name": "updates",
      "provider": "provider[\"registry.terraform.io/hashicorp/azurerm\"]",
      "instances": [
        {
          "schema_version": 1,
          "attributes": {
            "id": "/subscriptions/99b79efe-ebd6-468c-b39f-5669acb259e1/resourceGroups/04-t1-www-rg/providers/Microsoft.OperationsManagement/solutions/Updates(www-law)",
            "location": "koreacentral",
            "plan": [
              {
                "name": "Updates(www-law)",
                "product": "OMSGallery/Updates",
                "promotion_code": "",
                "publisher": "Microsoft"
              }
            ],
            "resource_group_name": "04-t1-www-rg",
            "solution_name": "Updates",
            "tags": {},
            "timeouts": null,
            "workspace_name": "www-law",
            "workspace_resource_id": "/subscriptions/99b79efe-ebd6-468c-b39f-5669acb259e1/resourceGroups/04-t1-www-rg/providers/Microsoft.OperationalInsights/workspaces/www-law"
          },
          "sensitive_attributes": [],
          "identity_schema_version": 0,
          "private": "eyJlMmJmYjczMC1lY2FhLTExZTYtOGY4OC0zNDM2M2JjN2M0YzAiOnsiY3JlYXRlIjoxODAwMDAwMDAwMDAwLCJkZWxldGUiOjE4MDAwMDAwMDAwMDAsInJlYWQiOjMwMDAwMDAwMDAwMCwidXBkYXRlIjoxODAwMDAwMDAwMDAwfSwic2NoZW1hX3ZlcnNpb24iOiIxIn0=",
          "dependencies": [
            "azurerm_resource_group.rg",
            "module.security.azurerm_log_analytics_workspace.law"
          ]
        }
      ]
    },
    {
      "module": "module.security",
      "mode": "managed",
      "type": "azurerm_log_analytics_workspace",
      "name": "law",
      "provider": "provider[\"registry.terraform.io/hashicorp/azurerm\"]",
      "instances": [
        {
          "schema_version": 3,
          "attributes": {
            "allow_resource_only_permissions": true,
            "cmk_for_query_forced": false,
            "daily_quota_gb": 10,
            "data_collection_rule_id": "",
            "id": "/subscriptions/99b79efe-ebd6-468c-b39f-5669acb259e1/resourceGroups/04-t1-www-rg/providers/Microsoft.OperationalInsights/workspaces/www-law",
            "identity": [],
            "immediate_data_purge_on_30_days_enabled": false,
            "internet_ingestion_enabled": true,
            "internet_query_enabled": true,
            "local_authentication_disabled": false,
            "local_authentication_enabled": true,
            "location": "koreacentral",
            "name": "www-law",
            "primary_shared_key": "FZwT+zRYVaYw4xBRCNFlkBhE4Ad+sw3q/rby0MoFjUytONwk5VNkxPryl2I76cbXb9HaozkPhImp3/V/T+ORfA==",
            "reservation_capacity_in_gb_per_day": null,
            "resource_group_name": "04-t1-www-rg",
            "retention_in_days": 90,
            "secondary_shared_key": "oHsgumrvMASQj2eOIPsiK7SkfvF3K4zhPjb13XgqiOWdHVjO3wdMoCWSINSOOCEuMRWwWUVw1xLzo5fXA4VP5g==",
            "sku": "PerGB2018",
            "tags": {
              "Environment": "Production",
              "ManagedBy": "Terraform",
              "Purpose": "Monitoring-Logs"
            },
            "timeouts": null,
            "workspace_id": "9fde7a6c-0df0-4474-ab37-6ba9092a3d23"
          },
          "sensitive_attributes": [
            [
              {
                "type": "get_attr",
                "value": "primary_shared_key"
              }
            ],
            [
              {
                "type": "get_attr",
                "value": "secondary_shared_key"
              }
            ]
          ],
          "identity_schema_version": 0,
          "private": "eyJlMmJmYjczMC1lY2FhLTExZTYtOGY4OC0zNDM2M2JjN2M0YzAiOnsiY3JlYXRlIjoxODAwMDAwMDAwMDAwLCJkZWxldGUiOjE4MDAwMDAwMDAwMDAsInJlYWQiOjMwMDAwMDAwMDAwMCwidXBkYXRlIjoxODAwMDAwMDAwMDAwfSwic2NoZW1hX3ZlcnNpb24iOiIzIn0=",
          "dependencies": [
            "azurerm_resource_group.rg"
          ]
        }
      ]
    },
    {
      "module": "module.security",
      "mode": "managed",
      "type": "azurerm_monitor_action_group",
      "name": "main",
      "provider": "provider[\"registry.terraform.io/hashicorp/azurerm\"]",
      "instances": [
        {
          "schema_version": 1,
          "attributes": {
            "arm_role_receiver": [],
            "automation_runbook_receiver": [],
            "azure_app_push_receiver": [],
            "azure_function_receiver": [],
            "email_receiver": [
              {
                "email_address": "1234enrud@gmail.com",
                "name": "admin-0",
                "use_common_alert_schema": false
              },
              {
                "email_address": "gksk2453@naver.com",
                "name": "admin-1",
                "use_common_alert_schema": false
              },
              {
                "email_address": "hyhbit0527@gmail.com",
                "name": "admin-2",
                "use_common_alert_schema": false
              },
              {
                "email_address": "ggjg33@gmail.com",
                "name": "admin-3",
                "use_common_alert_schema": false
              },
              {
                "email_address": "andol2222@gmail.com",
                "name": "admin-4",
                "use_common_alert_schema": false
              }
            ],
            "enabled": true,
            "event_hub_receiver": [],
            "id": "/subscriptions/99b79efe-ebd6-468c-b39f-5669acb259e1/resourceGroups/04-t1-www-rg/providers/Microsoft.Insights/actionGroups/www-alerts",
            "itsm_receiver": [],
            "location": "global",
            "logic_app_receiver": [],
            "name": "www-alerts",
            "resource_group_name": "04-t1-www-rg",
            "short_name": "p0-alerts",
            "sms_receiver": [
              {
                "country_code": "82",
                "name": "oncall",
                "phone_number": "01012345678"
              }
            ],
            "tags": {
              "Environment": "Production",
              "ManagedBy": "Terraform",
              "Purpose": "Alerting"
            },
            "timeouts": null,
            "voice_receiver": [],
            "webhook_receiver": []
          },
          "sensitive_attributes": [],
          "identity_schema_version": 0,
          "identity": {
            "name": "www-alerts",
            "resource_group_name": "04-t1-www-rg",
            "subscription_id": "99b79efe-ebd6-468c-b39f-5669acb259e1"
          },
          "private": "eyJlMmJmYjczMC1lY2FhLTExZTYtOGY4OC0zNDM2M2JjN2M0YzAiOnsiY3JlYXRlIjoxODAwMDAwMDAwMDAwLCJkZWxldGUiOjE4MDAwMDAwMDAwMDAsInJlYWQiOjMwMDAwMDAwMDAwMCwidXBkYXRlIjoxODAwMDAwMDAwMDAwfSwic2NoZW1hX3ZlcnNpb24iOiIxIn0=",
          "dependencies": [
            "azurerm_resource_group.rg"
          ]
        }
      ]
    },
    {
      "module": "module.security",
      "mode": "managed",
      "type": "azurerm_monitor_action_group",
      "name": "sentinel_email",
      "provider": "provider[\"registry.terraform.io/hashicorp/azurerm\"]",
      "instances": [
        {
          "schema_version": 1,
          "attributes": {
            "arm_role_receiver": [],
            "automation_runbook_receiver": [],
            "azure_app_push_receiver": [],
            "azure_function_receiver": [],
            "email_receiver": [
              {
                "email_address": "1234enrud@gmail.com",
                "name": "sentinel-admin-0",
                "use_common_alert_schema": true
              },
              {
                "email_address": "gksk2453@naver.com",
                "name": "sentinel-admin-1",
                "use_common_alert_schema": true
              },
              {
                "email_address": "hyhbit0527@gmail.com",
                "name": "sentinel-admin-2",
                "use_common_alert_schema": true
              },
              {
                "email_address": "ggjg33@gmail.com",
                "name": "sentinel-admin-3",
                "use_common_alert_schema": true
              },
              {
                "email_address": "andol2222@gmail.com",
                "name": "sentinel-admin-4",
                "use_common_alert_schema": true
              }
            ],
            "enabled": true,
            "event_hub_receiver": [],
            "id": "/subscriptions/99b79efe-ebd6-468c-b39f-5669acb259e1/resourceGroups/04-t1-www-rg/providers/Microsoft.Insights/actionGroups/sentinel-alert-email",
            "itsm_receiver": [],
            "location": "global",
            "logic_app_receiver": [],
            "name": "sentinel-alert-email",
            "resource_group_name": "04-t1-www-rg",
            "short_name": "SentinelMail",
            "sms_receiver": [],
            "tags": {
              "ManagedBy": "Terraform",
              "Purpose": "Sentinel-Alert"
            },
            "timeouts": null,
            "voice_receiver": [],
            "webhook_receiver": []
          },
          "sensitive_attributes": [],
          "identity_schema_version": 0,
          "identity": {
            "name": "sentinel-alert-email",
            "resource_group_name": "04-t1-www-rg",
            "subscription_id": "99b79efe-ebd6-468c-b39f-5669acb259e1"
          },
          "private": "eyJlMmJmYjczMC1lY2FhLTExZTYtOGY4OC0zNDM2M2JjN2M0YzAiOnsiY3JlYXRlIjoxODAwMDAwMDAwMDAwLCJkZWxldGUiOjE4MDAwMDAwMDAwMDAsInJlYWQiOjMwMDAwMDAwMDAwMCwidXBkYXRlIjoxODAwMDAwMDAwMDAwfSwic2NoZW1hX3ZlcnNpb24iOiIxIn0=",
          "dependencies": [
            "azurerm_resource_group.rg"
          ]
        }
      ]
    },
    {
      "module": "module.security",
      "mode": "managed",
      "type": "azurerm_monitor_data_collection_rule",
      "name": "syslog_dcr",
      "provider": "provider[\"registry.terraform.io/hashicorp/azurerm\"]",
      "instances": [
        {
          "schema_version": 0,
          "attributes": {
            "data_collection_endpoint_id": "",
            "data_flow": [
              {
                "built_in_transform": "",
                "destinations": [
                  "law"
                ],
                "output_stream": "",
                "streams": [
                  "Microsoft-Syslog"
                ],
                "transform_kql": ""
              }
            ],
            "data_sources": [
              {
                "data_import": [],
                "extension": [],
                "iis_log": [],
                "log_file": [],
                "performance_counter": [],
                "platform_telemetry": [],
                "prometheus_forwarder": [],
                "syslog": [
                  {
                    "facility_names": [
                      "auth",
                      "authpriv",
                      "cron",
                      "daemon",
                      "kern",
                      "syslog",
                      "user"
                    ],
                    "log_levels": [
                      "Debug",
                      "Info",
                      "Notice",
                      "Warning",
                      "Error",
                      "Critical",
                      "Alert",
                      "Emergency"
                    ],
                    "name": "syslog-datasource",
                    "streams": [
                      "Microsoft-Syslog"
                    ]
                  }
                ],
                "windows_event_log": [],
                "windows_firewall_log": []
              }
            ],
            "description": "",
            "destinations": [
              {
                "azure_monitor_metrics": [],
                "event_hub": [],
                "event_hub_direct": [],
                "log_analytics": [
                  {
                    "name": "law",
                    "workspace_resource_id": "/subscriptions/99b79efe-ebd6-468c-b39f-5669acb259e1/resourceGroups/04-t1-www-rg/providers/Microsoft.OperationalInsights/workspaces/www-law"
                  }
                ],
                "monitor_account": [],
                "storage_blob": [],
                "storage_blob_direct": [],
                "storage_table_direct": []
              }
            ],
            "id": "/subscriptions/99b79efe-ebd6-468c-b39f-5669acb259e1/resourceGroups/04-t1-www-rg/providers/Microsoft.Insights/dataCollectionRules/syslog-dcr",
            "identity": [],
            "immutable_id": "dcr-bf5e951e23b74e7d8127fed51d4d47c8",
            "kind": "",
            "location": "koreacentral",
            "name": "syslog-dcr",
            "resource_group_name": "04-t1-www-rg",
            "stream_declaration": [],
            "tags": {},
            "timeouts": null
          },
          "sensitive_attributes": [],
          "identity_schema_version": 0,
          "private": "eyJlMmJmYjczMC1lY2FhLTExZTYtOGY4OC0zNDM2M2JjN2M0YzAiOnsiY3JlYXRlIjoxODAwMDAwMDAwMDAwLCJkZWxldGUiOjE4MDAwMDAwMDAwMDAsInJlYWQiOjMwMDAwMDAwMDAwMCwidXBkYXRlIjoxODAwMDAwMDAwMDAwfX0=",
          "dependencies": [
            "azurerm_resource_group.rg",
            "module.security.azurerm_log_analytics_workspace.law"
          ]
        }
      ]
    },
    {
      "module": "module.security",
      "mode": "managed",
      "type": "azurerm_monitor_diagnostic_setting",
      "name": "kv_diag",
      "provider": "provider[\"registry.terraform.io/hashicorp/azurerm\"]",
      "instances": [
        {
          "schema_version": 0,
          "attributes": {
            "enabled_log": [
              {
                "category": "AuditEvent",
                "category_group": "",
                "retention_policy": [
                  {
                    "days": 0,
                    "enabled": false
                  }
                ]
              },
              {
                "category": "AzurePolicyEvaluationDetails",
                "category_group": "",
                "retention_policy": [
                  {
                    "days": 0,
                    "enabled": false
                  }
                ]
              }
            ],
            "enabled_metric": [
              {
                "category": "AllMetrics"
              }
            ],
            "eventhub_authorization_rule_id": "",
            "eventhub_name": "",
            "id": "/subscriptions/99b79efe-ebd6-468c-b39f-5669acb259e1/resourceGroups/04-t1-www-rg/providers/Microsoft.KeyVault/vaults/www-kv-7e7f667e|kv-diagnostics",
            "log_analytics_destination_type": "AzureDiagnostics",
            "log_analytics_workspace_id": "/subscriptions/99b79efe-ebd6-468c-b39f-5669acb259e1/resourceGroups/04-t1-www-rg/providers/Microsoft.OperationalInsights/workspaces/www-law",
            "metric": [
              {
                "category": "AllMetrics",
                "enabled": true,
                "retention_policy": [
                  {
                    "days": 0,
                    "enabled": false
                  }
                ]
              }
            ],
            "name": "kv-diagnostics",
            "partner_solution_id": null,
            "storage_account_id": null,
            "target_resource_id": "/subscriptions/99b79efe-ebd6-468c-b39f-5669acb259e1/resourceGroups/04-t1-www-rg/providers/Microsoft.KeyVault/vaults/www-kv-7e7f667e",
            "timeouts": null
          },
          "sensitive_attributes": [],
          "identity_schema_version": 0,
          "private": "eyJlMmJmYjczMC1lY2FhLTExZTYtOGY4OC0zNDM2M2JjN2M0YzAiOnsiY3JlYXRlIjoxODAwMDAwMDAwMDAwLCJkZWxldGUiOjM2MDAwMDAwMDAwMDAsInJlYWQiOjMwMDAwMDAwMDAwMCwidXBkYXRlIjoxODAwMDAwMDAwMDAwfX0=",
          "dependencies": [
            "azurerm_resource_group.rg",
            "module.network_central.azurerm_subnet.subnets",
            "module.network_central.azurerm_virtual_network.vnet",
            "module.security.azurerm_key_vault.kv",
            "module.security.azurerm_log_analytics_workspace.law",
            "module.security.data.azurerm_client_config.current",
            "module.security.data.http.my_ip",
            "module.security.random_id.kv"
          ]
        }
      ]
    },
    {
      "module": "module.security",
      "mode": "managed",
      "type": "azurerm_monitor_diagnostic_setting",
      "name": "nsg_appgw_diag",
      "provider": "provider[\"registry.terraform.io/hashicorp/azurerm\"]",
      "instances": [
        {
          "schema_version": 0,
          "attributes": {
            "enabled_log": [
              {
                "category": "NetworkSecurityGroupEvent",
                "category_group": "",
                "retention_policy": [
                  {
                    "days": 0,
                    "enabled": false
                  }
                ]
              },
              {
                "category": "NetworkSecurityGroupRuleCounter",
                "category_group": "",
                "retention_policy": [
                  {
                    "days": 0,
                    "enabled": false
                  }
                ]
              }
            ],
            "enabled_metric": [],
            "eventhub_authorization_rule_id": "",
            "eventhub_name": "",
            "id": "/subscriptions/99b79efe-ebd6-468c-b39f-5669acb259e1/resourceGroups/04-t1-www-rg/providers/Microsoft.Network/networkSecurityGroups/www-nsg-appgw|nsg-appgw-diag",
            "log_analytics_destination_type": "",
            "log_analytics_workspace_id": "/subscriptions/99b79efe-ebd6-468c-b39f-5669acb259e1/resourceGroups/04-t1-www-rg/providers/Microsoft.OperationalInsights/workspaces/www-law",
            "metric": [],
            "name": "nsg-appgw-diag",
            "partner_solution_id": null,
            "storage_account_id": null,
            "target_resource_id": "/subscriptions/99b79efe-ebd6-468c-b39f-5669acb259e1/resourceGroups/04-t1-www-rg/providers/Microsoft.Network/networkSecurityGroups/www-nsg-appgw",
            "timeouts": null
          },
          "sensitive_attributes": [],
          "identity_schema_version": 0,
          "private": "eyJlMmJmYjczMC1lY2FhLTExZTYtOGY4OC0zNDM2M2JjN2M0YzAiOnsiY3JlYXRlIjoxODAwMDAwMDAwMDAwLCJkZWxldGUiOjM2MDAwMDAwMDAwMDAsInJlYWQiOjMwMDAwMDAwMDAwMCwidXBkYXRlIjoxODAwMDAwMDAwMDAwfX0=",
          "dependencies": [
            "azurerm_resource_group.rg",
            "module.security.azurerm_log_analytics_workspace.law",
            "module.security.azurerm_network_security_group.nsg_appgw"
          ]
        }
      ]
    },
    {
      "module": "module.security",
      "mode": "managed",
      "type": "azurerm_monitor_diagnostic_setting",
      "name": "nsg_db_diag",
      "provider": "provider[\"registry.terraform.io/hashicorp/azurerm\"]",
      "instances": [
        {
          "schema_version": 0,
          "attributes": {
            "enabled_log": [
              {
                "category": "NetworkSecurityGroupEvent",
                "category_group": "",
                "retention_policy": [
                  {
                    "days": 0,
                    "enabled": false
                  }
                ]
              },
              {
                "category": "NetworkSecurityGroupRuleCounter",
                "category_group": "",
                "retention_policy": [
                  {
                    "days": 0,
                    "enabled": false
                  }
                ]
              }
            ],
            "enabled_metric": [],
            "eventhub_authorization_rule_id": "",
            "eventhub_name": "",
            "id": "/subscriptions/99b79efe-ebd6-468c-b39f-5669acb259e1/resourceGroups/04-t1-www-rg/providers/Microsoft.Network/networkSecurityGroups/www-nsg-db|nsg-db-diag",
            "log_analytics_destination_type": "",
            "log_analytics_workspace_id": "/subscriptions/99b79efe-ebd6-468c-b39f-5669acb259e1/resourceGroups/04-t1-www-rg/providers/Microsoft.OperationalInsights/workspaces/www-law",
            "metric": [],
            "name": "nsg-db-diag",
            "partner_solution_id": null,
            "storage_account_id": null,
            "target_resource_id": "/subscriptions/99b79efe-ebd6-468c-b39f-5669acb259e1/resourceGroups/04-t1-www-rg/providers/Microsoft.Network/networkSecurityGroups/www-nsg-db",
            "timeouts": null
          },
          "sensitive_attributes": [],
          "identity_schema_version": 0,
          "private": "eyJlMmJmYjczMC1lY2FhLTExZTYtOGY4OC0zNDM2M2JjN2M0YzAiOnsiY3JlYXRlIjoxODAwMDAwMDAwMDAwLCJkZWxldGUiOjM2MDAwMDAwMDAwMDAsInJlYWQiOjMwMDAwMDAwMDAwMCwidXBkYXRlIjoxODAwMDAwMDAwMDAwfX0=",
          "dependencies": [
            "azurerm_resource_group.rg",
            "module.security.azurerm_log_analytics_workspace.law",
            "module.security.azurerm_network_security_group.nsg_db"
          ]
        }
      ]
    },
    {
      "module": "module.security",
      "mode": "managed",
      "type": "azurerm_monitor_diagnostic_setting",
      "name": "nsg_http_diag",
      "provider": "provider[\"registry.terraform.io/hashicorp/azurerm\"]",
      "instances": [
        {
          "schema_version": 0,
          "attributes": {
            "enabled_log": [
              {
                "category": "NetworkSecurityGroupEvent",
                "category_group": "",
                "retention_policy": [
                  {
                    "days": 0,
                    "enabled": false
                  }
                ]
              },
              {
                "category": "NetworkSecurityGroupRuleCounter",
                "category_group": "",
                "retention_policy": [
                  {
                    "days": 0,
                    "enabled": false
                  }
                ]
              }
            ],
            "enabled_metric": [],
            "eventhub_authorization_rule_id": "",
            "eventhub_name": "",
            "id": "/subscriptions/99b79efe-ebd6-468c-b39f-5669acb259e1/resourceGroups/04-t1-www-rg/providers/Microsoft.Network/networkSecurityGroups/www-nsg-http|nsg-http-diag",
            "log_analytics_destination_type": "",
            "log_analytics_workspace_id": "/subscriptions/99b79efe-ebd6-468c-b39f-5669acb259e1/resourceGroups/04-t1-www-rg/providers/Microsoft.OperationalInsights/workspaces/www-law",
            "metric": [],
            "name": "nsg-http-diag",
            "partner_solution_id": null,
            "storage_account_id": null,
            "target_resource_id": "/subscriptions/99b79efe-ebd6-468c-b39f-5669acb259e1/resourceGroups/04-t1-www-rg/providers/Microsoft.Network/networkSecurityGroups/www-nsg-http",
            "timeouts": null
          },
          "sensitive_attributes": [],
          "identity_schema_version": 0,
          "private": "eyJlMmJmYjczMC1lY2FhLTExZTYtOGY4OC0zNDM2M2JjN2M0YzAiOnsiY3JlYXRlIjoxODAwMDAwMDAwMDAwLCJkZWxldGUiOjM2MDAwMDAwMDAwMDAsInJlYWQiOjMwMDAwMDAwMDAwMCwidXBkYXRlIjoxODAwMDAwMDAwMDAwfX0=",
          "dependencies": [
            "azurerm_resource_group.rg",
            "module.security.azurerm_log_analytics_workspace.law",
            "module.security.azurerm_network_security_group.nsg_http"
          ]
        }
      ]
    },
    {
      "module": "module.security",
      "mode": "managed",
      "type": "azurerm_monitor_diagnostic_setting",
      "name": "nsg_hub_bastion_diag",
      "provider": "provider[\"registry.terraform.io/hashicorp/azurerm\"]",
      "instances": [
        {
          "schema_version": 0,
          "attributes": {
            "enabled_log": [
              {
                "category": "NetworkSecurityGroupEvent",
                "category_group": "",
                "retention_policy": [
                  {
                    "days": 0,
                    "enabled": false
                  }
                ]
              },
              {
                "category": "NetworkSecurityGroupRuleCounter",
                "category_group": "",
                "retention_policy": [
                  {
                    "days": 0,
                    "enabled": false
                  }
                ]
              }
            ],
            "enabled_metric": [],
            "eventhub_authorization_rule_id": "",
            "eventhub_name": "",
            "id": "/subscriptions/99b79efe-ebd6-468c-b39f-5669acb259e1/resourceGroups/04-t1-www-rg/providers/Microsoft.Network/networkSecurityGroups/hub-nsg-bastion|nsg-hub-bastion-diag",
            "log_analytics_destination_type": "",
            "log_analytics_workspace_id": "/subscriptions/99b79efe-ebd6-468c-b39f-5669acb259e1/resourceGroups/04-t1-www-rg/providers/Microsoft.OperationalInsights/workspaces/www-law",
            "metric": [],
            "name": "nsg-hub-bastion-diag",
            "partner_solution_id": null,
            "storage_account_id": null,
            "target_resource_id": "/subscriptions/99b79efe-ebd6-468c-b39f-5669acb259e1/resourceGroups/04-t1-www-rg/providers/Microsoft.Network/networkSecurityGroups/hub-nsg-bastion",
            "timeouts": null
          },
          "sensitive_attributes": [],
          "identity_schema_version": 0,
          "private": "eyJlMmJmYjczMC1lY2FhLTExZTYtOGY4OC0zNDM2M2JjN2M0YzAiOnsiY3JlYXRlIjoxODAwMDAwMDAwMDAwLCJkZWxldGUiOjM2MDAwMDAwMDAwMDAsInJlYWQiOjMwMDAwMDAwMDAwMCwidXBkYXRlIjoxODAwMDAwMDAwMDAwfX0=",
          "dependencies": [
            "azurerm_resource_group.rg",
            "module.security.azurerm_log_analytics_workspace.law",
            "module.security.azurerm_network_security_group.nsg_hub_bastion"
          ]
        }
      ]
    },
    {
      "module": "module.security",
      "mode": "managed",
      "type": "azurerm_monitor_diagnostic_setting",
      "name": "nsg_ssh_diag",
      "provider": "provider[\"registry.terraform.io/hashicorp/azurerm\"]",
      "instances": [
        {
          "schema_version": 0,
          "attributes": {
            "enabled_log": [
              {
                "category": "NetworkSecurityGroupEvent",
                "category_group": "",
                "retention_policy": [
                  {
                    "days": 0,
                    "enabled": false
                  }
                ]
              },
              {
                "category": "NetworkSecurityGroupRuleCounter",
                "category_group": "",
                "retention_policy": [
                  {
                    "days": 0,
                    "enabled": false
                  }
                ]
              }
            ],
            "enabled_metric": [],
            "eventhub_authorization_rule_id": "",
            "eventhub_name": "",
            "id": "/subscriptions/99b79efe-ebd6-468c-b39f-5669acb259e1/resourceGroups/04-t1-www-rg/providers/Microsoft.Network/networkSecurityGroups/www-nsg-ssh|nsg-ssh-diag",
            "log_analytics_destination_type": "",
            "log_analytics_workspace_id": "/subscriptions/99b79efe-ebd6-468c-b39f-5669acb259e1/resourceGroups/04-t1-www-rg/providers/Microsoft.OperationalInsights/workspaces/www-law",
            "metric": [],
            "name": "nsg-ssh-diag",
            "partner_solution_id": null,
            "storage_account_id": null,
            "target_resource_id": "/subscriptions/99b79efe-ebd6-468c-b39f-5669acb259e1/resourceGroups/04-t1-www-rg/providers/Microsoft.Network/networkSecurityGroups/www-nsg-ssh",
            "timeouts": null
          },
          "sensitive_attributes": [],
          "identity_schema_version": 0,
          "private": "eyJlMmJmYjczMC1lY2FhLTExZTYtOGY4OC0zNDM2M2JjN2M0YzAiOnsiY3JlYXRlIjoxODAwMDAwMDAwMDAwLCJkZWxldGUiOjM2MDAwMDAwMDAwMDAsInJlYWQiOjMwMDAwMDAwMDAwMCwidXBkYXRlIjoxODAwMDAwMDAwMDAwfX0=",
          "dependencies": [
            "azurerm_resource_group.rg",
            "module.security.azurerm_log_analytics_workspace.law",
            "module.security.azurerm_network_security_group.nsg_ssh"
          ]
        }
      ]
    },
    {
      "module": "module.security",
      "mode": "managed",
      "type": "azurerm_monitor_metric_alert",
      "name": "mysql_connections",
      "provider": "provider[\"registry.terraform.io/hashicorp/azurerm\"]",
      "instances": [
        {
          "schema_version": 1,
          "attributes": {
            "action": [
              {
                "action_group_id": "/subscriptions/99b79efe-ebd6-468c-b39f-5669acb259e1/resourceGroups/04-t1-www-rg/providers/Microsoft.Insights/actionGroups/www-alerts",
                "webhook_properties": {}
              }
            ],
            "application_insights_web_test_location_availability_criteria": [],
            "auto_mitigate": true,
            "criteria": [
              {
                "aggregation": "Average",
                "dimension": [],
                "metric_name": "active_connections",
                "metric_namespace": "Microsoft.DBforMySQL/flexibleServers",
                "operator": "GreaterThan",
                "skip_metric_validation": false,
                "threshold": 130
              }
            ],
            "description": "Alert when MySQL active connections exceed 80%",
            "dynamic_criteria": [],
            "enabled": true,
            "frequency": "PT1M",
            "id": "/subscriptions/99b79efe-ebd6-468c-b39f-5669acb259e1/resourceGroups/04-t1-www-rg/providers/Microsoft.Insights/metricAlerts/mysql-connections-alert",
            "name": "mysql-connections-alert",
            "resource_group_name": "04-t1-www-rg",
            "scopes": [
              "/subscriptions/99b79efe-ebd6-468c-b39f-5669acb259e1/resourceGroups/04-t1-www-rg/providers/Microsoft.DBforMySQL/flexibleServers/www-mysql-server-d5gm"
            ],
            "severity": 2,
            "tags": {},
            "target_resource_location": "",
            "target_resource_type": "",
            "timeouts": null,
            "window_size": "PT5M"
          },
          "sensitive_attributes": [],
          "identity_schema_version": 0,
          "private": "eyJlMmJmYjczMC1lY2FhLTExZTYtOGY4OC0zNDM2M2JjN2M0YzAiOnsiY3JlYXRlIjoxODAwMDAwMDAwMDAwLCJkZWxldGUiOjE4MDAwMDAwMDAwMDAsInJlYWQiOjMwMDAwMDAwMDAwMCwidXBkYXRlIjoxODAwMDAwMDAwMDAwfSwic2NoZW1hX3ZlcnNpb24iOiIxIn0=",
          "dependencies": [
            "azurerm_resource_group.rg",
            "module.database.azurerm_mysql_flexible_server.www_mysql",
            "module.database.random_string.mysql_suffix",
            "module.security.azurerm_monitor_action_group.main"
          ]
        }
      ]
    },
    {
      "module": "module.security",
      "mode": "managed",
      "type": "azurerm_monitor_metric_alert",
      "name": "redis_memory",
      "provider": "provider[\"registry.terraform.io/hashicorp/azurerm\"]",
      "instances": [
        {
          "schema_version": 1,
          "attributes": {
            "action": [
              {
                "action_group_id": "/subscriptions/99b79efe-ebd6-468c-b39f-5669acb259e1/resourceGroups/04-t1-www-rg/providers/Microsoft.Insights/actionGroups/www-alerts",
                "webhook_properties": {}
              }
            ],
            "application_insights_web_test_location_availability_criteria": [],
            "auto_mitigate": true,
            "criteria": [
              {
                "aggregation": "Average",
                "dimension": [],
                "metric_name": "usedmemorypercentage",
                "metric_namespace": "Microsoft.Cache/redis",
                "operator": "GreaterThan",
                "skip_metric_validation": false,
                "threshold": 85
              }
            ],
            "description": "Alert when Redis memory usage exceeds 85%",
            "dynamic_criteria": [],
            "enabled": true,
            "frequency": "PT5M",
            "id": "/subscriptions/99b79efe-ebd6-468c-b39f-5669acb259e1/resourceGroups/04-t1-www-rg/providers/Microsoft.Insights/metricAlerts/redis-memory-alert",
            "name": "redis-memory-alert",
            "resource_group_name": "04-t1-www-rg",
            "scopes": [
              "/subscriptions/99b79efe-ebd6-468c-b39f-5669acb259e1/resourceGroups/04-t1-www-rg/providers/Microsoft.Cache/redis/www-redis-cache-iw0l"
            ],
            "severity": 2,
            "tags": {},
            "target_resource_location": "",
            "target_resource_type": "",
            "timeouts": null,
            "window_size": "PT5M"
          },
          "sensitive_attributes": [],
          "identity_schema_version": 0,
          "private": "eyJlMmJmYjczMC1lY2FhLTExZTYtOGY4OC0zNDM2M2JjN2M0YzAiOnsiY3JlYXRlIjoxODAwMDAwMDAwMDAwLCJkZWxldGUiOjE4MDAwMDAwMDAwMDAsInJlYWQiOjMwMDAwMDAwMDAwMCwidXBkYXRlIjoxODAwMDAwMDAwMDAwfSwic2NoZW1hX3ZlcnNpb24iOiIxIn0=",
          "dependencies": [
            "azurerm_resource_group.rg",
            "module.database.azurerm_redis_cache.www_redis",
            "module.database.random_string.redis_suffix",
            "module.network_central.azurerm_subnet.subnets",
            "module.network_central.azurerm_virtual_network.vnet",
            "module.security.azurerm_monitor_action_group.main",
            "module.storage.azurerm_storage_account.www_sa",
            "module.storage.random_string.sa_suffix"
          ]
        }
      ]
    },
    {
      "module": "module.security",
      "mode": "managed",
      "type": "azurerm_monitor_metric_alert",
      "name": "vmss_cpu",
      "provider": "provider[\"registry.terraform.io/hashicorp/azurerm\"]",
      "instances": [
        {
          "schema_version": 1,
          "attributes": {
            "action": [
              {
                "action_group_id": "/subscriptions/99b79efe-ebd6-468c-b39f-5669acb259e1/resourceGroups/04-t1-www-rg/providers/Microsoft.Insights/actionGroups/www-alerts",
                "webhook_properties": {}
              }
            ],
            "application_insights_web_test_location_availability_criteria": [],
            "auto_mitigate": true,
            "criteria": [
              {
                "aggregation": "Average",
                "dimension": [],
                "metric_name": "Percentage CPU",
                "metric_namespace": "Microsoft.Compute/virtualMachineScaleSets",
                "operator": "GreaterThan",
                "skip_metric_validation": false,
                "threshold": 80
              }
            ],
            "description": "Alert when VMSS CPU exceeds 80%",
            "dynamic_criteria": [],
            "enabled": true,
            "frequency": "PT5M",
            "id": "/subscriptions/99b79efe-ebd6-468c-b39f-5669acb259e1/resourceGroups/04-t1-www-rg/providers/Microsoft.Insights/metricAlerts/vmss-cpu-alert",
            "name": "vmss-cpu-alert",
            "resource_group_name": "04-t1-www-rg",
            "scopes": [
              "/subscriptions/99b79efe-ebd6-468c-b39f-5669acb259e1/resourceGroups/04-t1-www-rg/providers/Microsoft.Compute/virtualMachineScaleSets/web-vmss"
            ],
            "severity": 2,
            "tags": {},
            "target_resource_location": "",
            "target_resource_type": "",
            "timeouts": null,
            "window_size": "PT5M"
          },
          "sensitive_attributes": [],
          "identity_schema_version": 0,
          "private": "eyJlMmJmYjczMC1lY2FhLTExZTYtOGY4OC0zNDM2M2JjN2M0YzAiOnsiY3JlYXRlIjoxODAwMDAwMDAwMDAwLCJkZWxldGUiOjE4MDAwMDAwMDAwMDAsInJlYWQiOjMwMDAwMDAwMDAwMCwidXBkYXRlIjoxODAwMDAwMDAwMDAwfSwic2NoZW1hX3ZlcnNpb24iOiIxIn0=",
          "dependencies": [
            "azurerm_resource_group.rg",
            "module.compute.azurerm_linux_virtual_machine_scale_set.vmss",
            "module.identity.azurerm_user_assigned_identity.vmss_identity",
            "module.network_central.azurerm_lb.vmss_lb",
            "module.network_central.azurerm_lb.was_lb",
            "module.network_central.azurerm_lb_backend_address_pool.bpepool",
            "module.network_central.azurerm_lb_nat_pool.ssh_nat_pool",
            "module.network_central.azurerm_lb_probe.vmss_probe",
            "module.network_central.azurerm_public_ip.lb_pip",
            "module.network_central.azurerm_subnet.subnets",
            "module.network_central.azurerm_virtual_network.vnet",
            "module.security.azurerm_application_insights.app_insights",
            "module.security.azurerm_log_analytics_workspace.law",
            "module.security.azurerm_monitor_action_group.main"
          ]
        }
      ]
    },
    {
      "module": "module.security",
      "mode": "managed",
      "type": "azurerm_network_security_group",
      "name": "nsg_appgw",
      "provider": "provider[\"registry.terraform.io/hashicorp/azurerm\"]",
      "instances": [
        {
          "schema_version": 0,
          "attributes": {
            "id": "/subscriptions/99b79efe-ebd6-468c-b39f-5669acb259e1/resourceGroups/04-t1-www-rg/providers/Microsoft.Network/networkSecurityGroups/www-nsg-appgw",
            "location": "koreacentral",
            "name": "www-nsg-appgw",
            "resource_group_name": "04-t1-www-rg",
            "security_rule": [
              {
                "access": "Allow",
                "description": "",
                "destination_address_prefix": "*",
                "destination_address_prefixes": [],
                "destination_application_security_group_ids": [],
                "destination_port_range": "",
                "destination_port_ranges": [
                  "443",
                  "80"
                ],
                "direction": "Inbound",
                "name": "allow-http-https",
                "priority": 110,
                "protocol": "Tcp",
                "source_address_prefix": "*",
                "source_address_prefixes": [],
                "source_application_security_group_ids": [],
                "source_port_range": "*",
                "source_port_ranges": []
              },
              {
                "access": "Allow",
                "description": "",
                "destination_address_prefix": "*",
                "destination_address_prefixes": [],
                "destination_application_security_group_ids": [],
                "destination_port_range": "*",
                "destination_port_ranges": [],
                "direction": "Inbound",
                "name": "allow-azure-load-balancer",
                "priority": 120,
                "protocol": "*",
                "source_address_prefix": "AzureLoadBalancer",
                "source_address_prefixes": [],
                "source_application_security_group_ids": [],
                "source_port_range": "*",
                "source_port_ranges": []
              },
              {
                "access": "Allow",
                "description": "",
                "destination_address_prefix": "*",
                "destination_address_prefixes": [],
                "destination_application_security_group_ids": [],
                "destination_port_range": "65200-65535",
                "destination_port_ranges": [],
                "direction": "Inbound",
                "name": "allow-gateway-manager",
                "priority": 100,
                "protocol": "Tcp",
                "source_address_prefix": "GatewayManager",
                "source_address_prefixes": [],
                "source_application_security_group_ids": [],
                "source_port_range": "*",
                "source_port_ranges": []
              }
            ],
            "tags": {
              "Environment": "Production",
              "ManagedBy": "Terraform",
              "Purpose": "AppGateway-Access"
            },
            "timeouts": null
          },
          "sensitive_attributes": [],
          "identity_schema_version": 0,
          "identity": {
            "name": "www-nsg-appgw",
            "resource_group_name": "04-t1-www-rg",
            "subscription_id": "99b79efe-ebd6-468c-b39f-5669acb259e1"
          },
          "private": "eyJlMmJmYjczMC1lY2FhLTExZTYtOGY4OC0zNDM2M2JjN2M0YzAiOnsiY3JlYXRlIjoxODAwMDAwMDAwMDAwLCJkZWxldGUiOjE4MDAwMDAwMDAwMDAsInJlYWQiOjMwMDAwMDAwMDAwMCwidXBkYXRlIjoxODAwMDAwMDAwMDAwfX0=",
          "dependencies": [
            "azurerm_resource_group.rg"
          ]
        }
      ]
    },
    {
      "module": "module.security",
      "mode": "managed",
      "type": "azurerm_network_security_group",
      "name": "nsg_db",
      "provider": "provider[\"registry.terraform.io/hashicorp/azurerm\"]",
      "instances": [
        {
          "schema_version": 0,
          "attributes": {
            "id": "/subscriptions/99b79efe-ebd6-468c-b39f-5669acb259e1/resourceGroups/04-t1-www-rg/providers/Microsoft.Network/networkSecurityGroups/www-nsg-db",
            "location": "koreacentral",
            "name": "www-nsg-db",
            "resource_group_name": "04-t1-www-rg",
            "security_rule": [
              {
                "access": "Allow",
                "description": "",
                "destination_address_prefix": "*",
                "destination_address_prefixes": [],
                "destination_application_security_group_ids": [],
                "destination_port_range": "3306",
                "destination_port_ranges": [],
                "direction": "Inbound",
                "name": "allow-mysql-internal",
                "priority": 100,
                "protocol": "Tcp",
                "source_address_prefix": "",
                "source_address_prefixes": [
                  "10.0.1.0/24",
                  "192.168.0.0/16"
                ],
                "source_application_security_group_ids": [],
                "source_port_range": "*",
                "source_port_ranges": []
              },
              {
                "access": "Deny",
                "description": "",
                "destination_address_prefix": "*",
                "destination_address_prefixes": [],
                "destination_application_security_group_ids": [],
                "destination_port_range": "*",
                "destination_port_ranges": [],
                "direction": "Inbound",
                "name": "deny-all-inbound",
                "priority": 4096,
                "protocol": "*",
                "source_address_prefix": "*",
                "source_address_prefixes": [],
                "source_application_security_group_ids": [],
                "source_port_range": "*",
                "source_port_ranges": []
              }
            ],
            "tags": {
              "Environment": "Production",
              "ManagedBy": "Terraform",
              "Purpose": "Database-Access"
            },
            "timeouts": null
          },
          "sensitive_attributes": [],
          "identity_schema_version": 0,
          "identity": {
            "name": "www-nsg-db",
            "resource_group_name": "04-t1-www-rg",
            "subscription_id": "99b79efe-ebd6-468c-b39f-5669acb259e1"
          },
          "private": "eyJlMmJmYjczMC1lY2FhLTExZTYtOGY4OC0zNDM2M2JjN2M0YzAiOnsiY3JlYXRlIjoxODAwMDAwMDAwMDAwLCJkZWxldGUiOjE4MDAwMDAwMDAwMDAsInJlYWQiOjMwMDAwMDAwMDAwMCwidXBkYXRlIjoxODAwMDAwMDAwMDAwfX0=",
          "dependencies": [
            "azurerm_resource_group.rg"
          ]
        }
      ]
    },
    {
      "module": "module.security",
      "mode": "managed",
      "type": "azurerm_network_security_group",
      "name": "nsg_http",
      "provider": "provider[\"registry.terraform.io/hashicorp/azurerm\"]",
      "instances": [
        {
          "schema_version": 0,
          "attributes": {
            "id": "/subscriptions/99b79efe-ebd6-468c-b39f-5669acb259e1/resourceGroups/04-t1-www-rg/providers/Microsoft.Network/networkSecurityGroups/www-nsg-http",
            "location": "koreacentral",
            "name": "www-nsg-http",
            "resource_group_name": "04-t1-www-rg",
            "security_rule": [
              {
                "access": "Allow",
                "description": "",
                "destination_address_prefix": "*",
                "destination_address_prefixes": [],
                "destination_application_security_group_ids": [],
                "destination_port_range": "",
                "destination_port_ranges": [
                  "25",
                  "587"
                ],
                "direction": "Inbound",
                "name": "allow-smtp-inbound",
                "priority": 130,
                "protocol": "Tcp",
                "source_address_prefix": "*",
                "source_address_prefixes": [],
                "source_application_security_group_ids": [],
                "source_port_range": "*",
                "source_port_ranges": []
              },
              {
                "access": "Allow",
                "description": "",
                "destination_address_prefix": "*",
                "destination_address_prefixes": [],
                "destination_application_security_group_ids": [],
                "destination_port_range": "",
                "destination_port_ranges": [
                  "443",
                  "80"
                ],
                "direction": "Inbound",
                "name": "allow-http-https",
                "priority": 101,
                "protocol": "Tcp",
                "source_address_prefix": "*",
                "source_address_prefixes": [],
                "source_application_security_group_ids": [],
                "source_port_range": "*",
                "source_port_ranges": []
              },
              {
                "access": "Allow",
                "description": "",
                "destination_address_prefix": "*",
                "destination_address_prefixes": [],
                "destination_application_security_group_ids": [],
                "destination_port_range": "*",
                "destination_port_ranges": [],
                "direction": "Inbound",
                "name": "allow-azure-load-balancer",
                "priority": 120,
                "protocol": "*",
                "source_address_prefix": "AzureLoadBalancer",
                "source_address_prefixes": [],
                "source_application_security_group_ids": [],
                "source_port_range": "*",
                "source_port_ranges": []
              },
              {
                "access": "Allow",
                "description": "",
                "destination_address_prefix": "*",
                "destination_address_prefixes": [],
                "destination_application_security_group_ids": [],
                "destination_port_range": "22",
                "destination_port_ranges": [],
                "direction": "Inbound",
                "name": "allow-ssh-from-bastion",
                "priority": 110,
                "protocol": "Tcp",
                "source_address_prefix": "",
                "source_address_prefixes": [
                  "10.0.1.0/24",
                  "10.1.1.0/24",
                  "192.168.0.0/16"
                ],
                "source_application_security_group_ids": [],
                "source_port_range": "*",
                "source_port_ranges": []
              },
              {
                "access": "Allow",
                "description": "",
                "destination_address_prefix": "*",
                "destination_address_prefixes": [],
                "destination_application_security_group_ids": [],
                "destination_port_range": "22",
                "destination_port_ranges": [],
                "direction": "Inbound",
                "name": "allow-ssh-nat-pool",
                "priority": 105,
                "protocol": "Tcp",
                "source_address_prefix": "",
                "source_address_prefixes": [
                  "211.227.107.208",
                  "211.252.127.132",
                  "61.108.60.26"
                ],
                "source_application_security_group_ids": [],
                "source_port_range": "*",
                "source_port_ranges": []
              },
              {
                "access": "Allow",
                "description": "",
                "destination_address_prefix": "*",
                "destination_address_prefixes": [],
                "destination_application_security_group_ids": [],
                "destination_port_range": "993",
                "destination_port_ranges": [],
                "direction": "Inbound",
                "name": "allow-imap-inbound",
                "priority": 140,
                "protocol": "Tcp",
                "source_address_prefix": "*",
                "source_address_prefixes": [],
                "source_application_security_group_ids": [],
                "source_port_range": "*",
                "source_port_ranges": []
              },
              {
                "access": "Allow",
                "description": "",
                "destination_address_prefix": "Internet",
                "destination_address_prefixes": [],
                "destination_application_security_group_ids": [],
                "destination_port_range": "",
                "destination_port_ranges": [
                  "25",
                  "587"
                ],
                "direction": "Outbound",
                "name": "allow-smtp-outbound",
                "priority": 120,
                "protocol": "Tcp",
                "source_address_prefix": "*",
                "source_address_prefixes": [],
                "source_application_security_group_ids": [],
                "source_port_range": "*",
                "source_port_ranges": []
              },
              {
                "access": "Allow",
                "description": "",
                "destination_address_prefix": "Internet",
                "destination_address_prefixes": [],
                "destination_application_security_group_ids": [],
                "destination_port_range": "",
                "destination_port_ranges": [
                  "443",
                  "80"
                ],
                "direction": "Outbound",
                "name": "allow-web-outbound",
                "priority": 100,
                "protocol": "Tcp",
                "source_address_prefix": "*",
                "source_address_prefixes": [],
                "source_application_security_group_ids": [],
                "source_port_range": "*",
                "source_port_ranges": []
              },
              {
                "access": "Allow",
                "description": "",
                "destination_address_prefix": "Internet",
                "destination_address_prefixes": [],
                "destination_application_security_group_ids": [],
                "destination_port_range": "53",
                "destination_port_ranges": [],
                "direction": "Outbound",
                "name": "allow-dns-outbound",
                "priority": 110,
                "protocol": "Udp",
                "source_address_prefix": "*",
                "source_address_prefixes": [],
                "source_application_security_group_ids": [],
                "source_port_range": "*",
                "source_port_ranges": []
              },
              {
                "access": "Allow",
                "description": "",
                "destination_address_prefix": "VirtualNetwork",
                "destination_address_prefixes": [],
                "destination_application_security_group_ids": [],
                "destination_port_range": "*",
                "destination_port_ranges": [],
                "direction": "Inbound",
                "name": "allow-vnet-internal",
                "priority": 115,
                "protocol": "*",
                "source_address_prefix": "VirtualNetwork",
                "source_address_prefixes": [],
                "source_application_security_group_ids": [],
                "source_port_range": "*",
                "source_port_ranges": []
              },
              {
                "access": "Deny",
                "description": "",
                "destination_address_prefix": "*",
                "destination_address_prefixes": [],
                "destination_application_security_group_ids": [],
                "destination_port_range": "*",
                "destination_port_ranges": [],
                "direction": "Inbound",
                "name": "deny-all-inbound",
                "priority": 4096,
                "protocol": "*",
                "source_address_prefix": "*",
                "source_address_prefixes": [],
                "source_application_security_group_ids": [],
                "source_port_range": "*",
                "source_port_ranges": []
              }
            ],
            "tags": {
              "Environment": "Production",
              "ManagedBy": "Terraform",
              "Purpose": "Web-Access"
            },
            "timeouts": null
          },
          "sensitive_attributes": [],
          "identity_schema_version": 0,
          "identity": {
            "name": "www-nsg-http",
            "resource_group_name": "04-t1-www-rg",
            "subscription_id": "99b79efe-ebd6-468c-b39f-5669acb259e1"
          },
          "private": "eyJlMmJmYjczMC1lY2FhLTExZTYtOGY4OC0zNDM2M2JjN2M0YzAiOnsiY3JlYXRlIjoxODAwMDAwMDAwMDAwLCJkZWxldGUiOjE4MDAwMDAwMDAwMDAsInJlYWQiOjMwMDAwMDAwMDAwMCwidXBkYXRlIjoxODAwMDAwMDAwMDAwfX0=",
          "dependencies": [
            "azurerm_resource_group.rg"
          ]
        }
      ]
    },
    {
      "module": "module.security",
      "mode": "managed",
      "type": "azurerm_network_security_group",
      "name": "nsg_hub_bastion",
      "provider": "provider[\"registry.terraform.io/hashicorp/azurerm\"]",
      "instances": [
        {
          "schema_version": 0,
          "attributes": {
            "id": "/subscriptions/99b79efe-ebd6-468c-b39f-5669acb259e1/resourceGroups/04-t1-www-rg/providers/Microsoft.Network/networkSecurityGroups/hub-nsg-bastion",
            "location": "koreacentral",
            "name": "hub-nsg-bastion",
            "resource_group_name": "04-t1-www-rg",
            "security_rule": [
              {
                "access": "Allow",
                "description": "",
                "destination_address_prefix": "*",
                "destination_address_prefixes": [],
                "destination_application_security_group_ids": [],
                "destination_port_range": "443",
                "destination_port_ranges": [],
                "direction": "Inbound",
                "name": "AllowAzureLoadBalancerInbound",
                "priority": 140,
                "protocol": "Tcp",
                "source_address_prefix": "AzureLoadBalancer",
                "source_address_prefixes": [],
                "source_application_security_group_ids": [],
                "source_port_range": "*",
                "source_port_ranges": []
              },
              {
                "access": "Allow",
                "description": "",
                "destination_address_prefix": "*",
                "destination_address_prefixes": [],
                "destination_application_security_group_ids": [],
                "destination_port_range": "443",
                "destination_port_ranges": [],
                "direction": "Inbound",
                "name": "AllowGatewayManagerInbound",
                "priority": 130,
                "protocol": "Tcp",
                "source_address_prefix": "GatewayManager",
                "source_address_prefixes": [],
                "source_application_security_group_ids": [],
                "source_port_range": "*",
                "source_port_ranges": []
              },
              {
                "access": "Allow",
                "description": "",
                "destination_address_prefix": "*",
                "destination_address_prefixes": [],
                "destination_application_security_group_ids": [],
                "destination_port_range": "443",
                "destination_port_ranges": [],
                "direction": "Inbound",
                "name": "AllowHttpsInbound",
                "priority": 120,
                "protocol": "Tcp",
                "source_address_prefix": "Internet",
                "source_address_prefixes": [],
                "source_application_security_group_ids": [],
                "source_port_range": "*",
                "source_port_ranges": []
              },
              {
                "access": "Allow",
                "description": "",
                "destination_address_prefix": "AzureCloud",
                "destination_address_prefixes": [],
                "destination_application_security_group_ids": [],
                "destination_port_range": "443",
                "destination_port_ranges": [],
                "direction": "Outbound",
                "name": "AllowAzureCloudOutbound",
                "priority": 110,
                "protocol": "Tcp",
                "source_address_prefix": "*",
                "source_address_prefixes": [],
                "source_application_security_group_ids": [],
                "source_port_range": "*",
                "source_port_ranges": []
              },
              {
                "access": "Allow",
                "description": "",
                "destination_address_prefix": "Internet",
                "destination_address_prefixes": [],
                "destination_application_security_group_ids": [],
                "destination_port_range": "80",
                "destination_port_ranges": [],
                "direction": "Outbound",
                "name": "AllowGetSessionInformation",
                "priority": 130,
                "protocol": "*",
                "source_address_prefix": "*",
                "source_address_prefixes": [],
                "source_application_security_group_ids": [],
                "source_port_range": "*",
                "source_port_ranges": []
              },
              {
                "access": "Allow",
                "description": "",
                "destination_address_prefix": "VirtualNetwork",
                "destination_address_prefixes": [],
                "destination_application_security_group_ids": [],
                "destination_port_range": "",
                "destination_port_ranges": [
                  "22",
                  "3389"
                ],
                "direction": "Outbound",
                "name": "AllowSshRdpOutbound",
                "priority": 100,
                "protocol": "*",
                "source_address_prefix": "*",
                "source_address_prefixes": [],
                "source_application_security_group_ids": [],
                "source_port_range": "*",
                "source_port_ranges": []
              },
              {
                "access": "Allow",
                "description": "",
                "destination_address_prefix": "VirtualNetwork",
                "destination_address_prefixes": [],
                "destination_application_security_group_ids": [],
                "destination_port_range": "",
                "destination_port_ranges": [
                  "5701",
                  "8080"
                ],
                "direction": "Inbound",
                "name": "AllowBastionHostCommunication",
                "priority": 150,
                "protocol": "*",
                "source_address_prefix": "VirtualNetwork",
                "source_address_prefixes": [],
                "source_application_security_group_ids": [],
                "source_port_range": "*",
                "source_port_ranges": []
              },
              {
                "access": "Allow",
                "description": "",
                "destination_address_prefix": "VirtualNetwork",
                "destination_address_prefixes": [],
                "destination_application_security_group_ids": [],
                "destination_port_range": "",
                "destination_port_ranges": [
                  "5701",
                  "8080"
                ],
                "direction": "Outbound",
                "name": "AllowBastionCommunicationOutbound",
                "priority": 120,
                "protocol": "*",
                "source_address_prefix": "VirtualNetwork",
                "source_address_prefixes": [],
                "source_application_security_group_ids": [],
                "source_port_range": "*",
                "source_port_ranges": []
              }
            ],
            "tags": {
              "Environment": "Production",
              "ManagedBy": "Terraform",
              "Purpose": "Azure-Bastion-Service"
            },
            "timeouts": null
          },
          "sensitive_attributes": [],
          "identity_schema_version": 0,
          "identity": {
            "name": "hub-nsg-bastion",
            "resource_group_name": "04-t1-www-rg",
            "subscription_id": "99b79efe-ebd6-468c-b39f-5669acb259e1"
          },
          "private": "eyJlMmJmYjczMC1lY2FhLTExZTYtOGY4OC0zNDM2M2JjN2M0YzAiOnsiY3JlYXRlIjoxODAwMDAwMDAwMDAwLCJkZWxldGUiOjE4MDAwMDAwMDAwMDAsInJlYWQiOjMwMDAwMDAwMDAwMCwidXBkYXRlIjoxODAwMDAwMDAwMDAwfX0=",
          "dependencies": [
            "azurerm_resource_group.rg"
          ]
        }
      ]
    },
    {
      "module": "module.security",
      "mode": "managed",
      "type": "azurerm_network_security_group",
      "name": "nsg_ssh",
      "provider": "provider[\"registry.terraform.io/hashicorp/azurerm\"]",
      "instances": [
        {
          "schema_version": 0,
          "attributes": {
            "id": "/subscriptions/99b79efe-ebd6-468c-b39f-5669acb259e1/resourceGroups/04-t1-www-rg/providers/Microsoft.Network/networkSecurityGroups/www-nsg-ssh",
            "location": "koreacentral",
            "name": "www-nsg-ssh",
            "resource_group_name": "04-t1-www-rg",
            "security_rule": [
              {
                "access": "Allow",
                "description": "",
                "destination_address_prefix": "*",
                "destination_address_prefixes": [],
                "destination_application_security_group_ids": [],
                "destination_port_range": "22",
                "destination_port_ranges": [],
                "direction": "Inbound",
                "name": "allow-ssh-internal",
                "priority": 100,
                "protocol": "Tcp",
                "source_address_prefix": "10.0.1.0/24",
                "source_address_prefixes": [],
                "source_application_security_group_ids": [],
                "source_port_range": "*",
                "source_port_ranges": []
              },
              {
                "access": "Deny",
                "description": "",
                "destination_address_prefix": "*",
                "destination_address_prefixes": [],
                "destination_application_security_group_ids": [],
                "destination_port_range": "*",
                "destination_port_ranges": [],
                "direction": "Inbound",
                "name": "deny-all-inbound",
                "priority": 4096,
                "protocol": "*",
                "source_address_prefix": "*",
                "source_address_prefixes": [],
                "source_application_security_group_ids": [],
                "source_port_range": "*",
                "source_port_ranges": []
              }
            ],
            "tags": {
              "Environment": "Production",
              "ManagedBy": "Terraform",
              "Purpose": "SSH-Access"
            },
            "timeouts": null
          },
          "sensitive_attributes": [],
          "identity_schema_version": 0,
          "identity": {
            "name": "www-nsg-ssh",
            "resource_group_name": "04-t1-www-rg",
            "subscription_id": "99b79efe-ebd6-468c-b39f-5669acb259e1"
          },
          "private": "eyJlMmJmYjczMC1lY2FhLTExZTYtOGY4OC0zNDM2M2JjN2M0YzAiOnsiY3JlYXRlIjoxODAwMDAwMDAwMDAwLCJkZWxldGUiOjE4MDAwMDAwMDAwMDAsInJlYWQiOjMwMDAwMDAwMDAwMCwidXBkYXRlIjoxODAwMDAwMDAwMDAwfX0=",
          "dependencies": [
            "azurerm_resource_group.rg"
          ]
        }
      ]
    },
    {
      "module": "module.security",
      "mode": "managed",
      "type": "azurerm_network_security_rule",
      "name": "db_access",
      "provider": "provider[\"registry.terraform.io/hashicorp/azurerm\"]",
      "instances": [
        {
          "schema_version": 0,
          "attributes": {
            "access": "Allow",
            "description": "",
            "destination_address_prefix": "*",
            "destination_address_prefixes": [],
            "destination_application_security_group_ids": [],
            "destination_port_range": "3306",
            "destination_port_ranges": [],
            "direction": "Inbound",
            "id": "/subscriptions/99b79efe-ebd6-468c-b39f-5669acb259e1/resourceGroups/04-t1-www-rg/providers/Microsoft.Network/networkSecurityGroups/www-nsg-db/securityRules/allow-mysql-internal",
            "name": "allow-mysql-internal",
            "network_security_group_name": "www-nsg-db",
            "priority": 100,
            "protocol": "Tcp",
            "resource_group_name": "04-t1-www-rg",
            "source_address_prefix": "",
            "source_address_prefixes": [
              "10.0.1.0/24",
              "192.168.0.0/16"
            ],
            "source_application_security_group_ids": [],
            "source_port_range": "*",
            "source_port_ranges": [],
            "timeouts": null
          },
          "sensitive_attributes": [],
          "identity_schema_version": 0,
          "identity": {
            "name": "allow-mysql-internal",
            "network_security_group_name": "www-nsg-db",
            "resource_group_name": "04-t1-www-rg",
            "subscription_id": "99b79efe-ebd6-468c-b39f-5669acb259e1"
          },
          "private": "eyJlMmJmYjczMC1lY2FhLTExZTYtOGY4OC0zNDM2M2JjN2M0YzAiOnsiY3JlYXRlIjoxODAwMDAwMDAwMDAwLCJkZWxldGUiOjE4MDAwMDAwMDAwMDAsInJlYWQiOjMwMDAwMDAwMDAwMCwidXBkYXRlIjoxODAwMDAwMDAwMDAwfX0=",
          "dependencies": [
            "azurerm_resource_group.rg",
            "module.security.azurerm_network_security_group.nsg_db"
          ]
        }
      ]
    },
    {
      "module": "module.security",
      "mode": "managed",
      "type": "azurerm_network_security_rule",
      "name": "db_deny_all",
      "provider": "provider[\"registry.terraform.io/hashicorp/azurerm\"]",
      "instances": [
        {
          "schema_version": 0,
          "attributes": {
            "access": "Deny",
            "description": "",
            "destination_address_prefix": "*",
            "destination_address_prefixes": [],
            "destination_application_security_group_ids": [],
            "destination_port_range": "*",
            "destination_port_ranges": [],
            "direction": "Inbound",
            "id": "/subscriptions/99b79efe-ebd6-468c-b39f-5669acb259e1/resourceGroups/04-t1-www-rg/providers/Microsoft.Network/networkSecurityGroups/www-nsg-db/securityRules/deny-all-inbound",
            "name": "deny-all-inbound",
            "network_security_group_name": "www-nsg-db",
            "priority": 4096,
            "protocol": "*",
            "resource_group_name": "04-t1-www-rg",
            "source_address_prefix": "*",
            "source_address_prefixes": [],
            "source_application_security_group_ids": [],
            "source_port_range": "*",
            "source_port_ranges": [],
            "timeouts": null
          },
          "sensitive_attributes": [],
          "identity_schema_version": 0,
          "identity": {
            "name": "deny-all-inbound",
            "network_security_group_name": "www-nsg-db",
            "resource_group_name": "04-t1-www-rg",
            "subscription_id": "99b79efe-ebd6-468c-b39f-5669acb259e1"
          },
          "private": "eyJlMmJmYjczMC1lY2FhLTExZTYtOGY4OC0zNDM2M2JjN2M0YzAiOnsiY3JlYXRlIjoxODAwMDAwMDAwMDAwLCJkZWxldGUiOjE4MDAwMDAwMDAwMDAsInJlYWQiOjMwMDAwMDAwMDAwMCwidXBkYXRlIjoxODAwMDAwMDAwMDAwfX0=",
          "dependencies": [
            "azurerm_resource_group.rg",
            "module.security.azurerm_network_security_group.nsg_db"
          ]
        }
      ]
    },
    {
      "module": "module.security",
      "mode": "managed",
      "type": "azurerm_network_security_rule",
      "name": "hub_bas_azure_cloud_outbound",
      "provider": "provider[\"registry.terraform.io/hashicorp/azurerm\"]",
      "instances": [
        {
          "schema_version": 0,
          "attributes": {
            "access": "Allow",
            "description": "",
            "destination_address_prefix": "AzureCloud",
            "destination_address_prefixes": [],
            "destination_application_security_group_ids": [],
            "destination_port_range": "443",
            "destination_port_ranges": [],
            "direction": "Outbound",
            "id": "/subscriptions/99b79efe-ebd6-468c-b39f-5669acb259e1/resourceGroups/04-t1-www-rg/providers/Microsoft.Network/networkSecurityGroups/hub-nsg-bastion/securityRules/AllowAzureCloudOutbound",
            "name": "AllowAzureCloudOutbound",
            "network_security_group_name": "hub-nsg-bastion",
            "priority": 110,
            "protocol": "Tcp",
            "resource_group_name": "04-t1-www-rg",
            "source_address_prefix": "*",
            "source_address_prefixes": [],
            "source_application_security_group_ids": [],
            "source_port_range": "*",
            "source_port_ranges": [],
            "timeouts": null
          },
          "sensitive_attributes": [],
          "identity_schema_version": 0,
          "identity": {
            "name": "AllowAzureCloudOutbound",
            "network_security_group_name": "hub-nsg-bastion",
            "resource_group_name": "04-t1-www-rg",
            "subscription_id": "99b79efe-ebd6-468c-b39f-5669acb259e1"
          },
          "private": "eyJlMmJmYjczMC1lY2FhLTExZTYtOGY4OC0zNDM2M2JjN2M0YzAiOnsiY3JlYXRlIjoxODAwMDAwMDAwMDAwLCJkZWxldGUiOjE4MDAwMDAwMDAwMDAsInJlYWQiOjMwMDAwMDAwMDAwMCwidXBkYXRlIjoxODAwMDAwMDAwMDAwfX0=",
          "dependencies": [
            "azurerm_resource_group.rg",
            "module.security.azurerm_network_security_group.nsg_hub_bastion"
          ]
        }
      ]
    },
    {
      "module": "module.security",
      "mode": "managed",
      "type": "azurerm_network_security_rule",
      "name": "hub_bas_communication_outbound",
      "provider": "provider[\"registry.terraform.io/hashicorp/azurerm\"]",
      "instances": [
        {
          "schema_version": 0,
          "attributes": {
            "access": "Allow",
            "description": "",
            "destination_address_prefix": "VirtualNetwork",
            "destination_address_prefixes": [],
            "destination_application_security_group_ids": [],
            "destination_port_range": "",
            "destination_port_ranges": [
              "5701",
              "8080"
            ],
            "direction": "Outbound",
            "id": "/subscriptions/99b79efe-ebd6-468c-b39f-5669acb259e1/resourceGroups/04-t1-www-rg/providers/Microsoft.Network/networkSecurityGroups/hub-nsg-bastion/securityRules/AllowBastionCommunicationOutbound",
            "name": "AllowBastionCommunicationOutbound",
            "network_security_group_name": "hub-nsg-bastion",
            "priority": 120,
            "protocol": "*",
            "resource_group_name": "04-t1-www-rg",
            "source_address_prefix": "VirtualNetwork",
            "source_address_prefixes": [],
            "source_application_security_group_ids": [],
            "source_port_range": "*",
            "source_port_ranges": [],
            "timeouts": null
          },
          "sensitive_attributes": [],
          "identity_schema_version": 0,
          "identity": {
            "name": "AllowBastionCommunicationOutbound",
            "network_security_group_name": "hub-nsg-bastion",
            "resource_group_name": "04-t1-www-rg",
            "subscription_id": "99b79efe-ebd6-468c-b39f-5669acb259e1"
          },
          "private": "eyJlMmJmYjczMC1lY2FhLTExZTYtOGY4OC0zNDM2M2JjN2M0YzAiOnsiY3JlYXRlIjoxODAwMDAwMDAwMDAwLCJkZWxldGUiOjE4MDAwMDAwMDAwMDAsInJlYWQiOjMwMDAwMDAwMDAwMCwidXBkYXRlIjoxODAwMDAwMDAwMDAwfX0=",
          "dependencies": [
            "azurerm_resource_group.rg",
            "module.security.azurerm_network_security_group.nsg_hub_bastion"
          ]
        }
      ]
    },
    {
      "module": "module.security",
      "mode": "managed",
      "type": "azurerm_network_security_rule",
      "name": "hub_bas_gateway_manager",
      "provider": "provider[\"registry.terraform.io/hashicorp/azurerm\"]",
      "instances": [
        {
          "schema_version": 0,
          "attributes": {
            "access": "Allow",
            "description": "",
            "destination_address_prefix": "*",
            "destination_address_prefixes": [],
            "destination_application_security_group_ids": [],
            "destination_port_range": "443",
            "destination_port_ranges": [],
            "direction": "Inbound",
            "id": "/subscriptions/99b79efe-ebd6-468c-b39f-5669acb259e1/resourceGroups/04-t1-www-rg/providers/Microsoft.Network/networkSecurityGroups/hub-nsg-bastion/securityRules/AllowGatewayManagerInbound",
            "name": "AllowGatewayManagerInbound",
            "network_security_group_name": "hub-nsg-bastion",
            "priority": 130,
            "protocol": "Tcp",
            "resource_group_name": "04-t1-www-rg",
            "source_address_prefix": "GatewayManager",
            "source_address_prefixes": [],
            "source_application_security_group_ids": [],
            "source_port_range": "*",
            "source_port_ranges": [],
            "timeouts": null
          },
          "sensitive_attributes": [],
          "identity_schema_version": 0,
          "identity": {
            "name": "AllowGatewayManagerInbound",
            "network_security_group_name": "hub-nsg-bastion",
            "resource_group_name": "04-t1-www-rg",
            "subscription_id": "99b79efe-ebd6-468c-b39f-5669acb259e1"
          },
          "private": "eyJlMmJmYjczMC1lY2FhLTExZTYtOGY4OC0zNDM2M2JjN2M0YzAiOnsiY3JlYXRlIjoxODAwMDAwMDAwMDAwLCJkZWxldGUiOjE4MDAwMDAwMDAwMDAsInJlYWQiOjMwMDAwMDAwMDAwMCwidXBkYXRlIjoxODAwMDAwMDAwMDAwfX0=",
          "dependencies": [
            "azurerm_resource_group.rg",
            "module.security.azurerm_network_security_group.nsg_hub_bastion"
          ]
        }
      ]
    },
    {
      "module": "module.security",
      "mode": "managed",
      "type": "azurerm_network_security_rule",
      "name": "hub_bas_get_session_outbound",
      "provider": "provider[\"registry.terraform.io/hashicorp/azurerm\"]",
      "instances": [
        {
          "schema_version": 0,
          "attributes": {
            "access": "Allow",
            "description": "",
            "destination_address_prefix": "Internet",
            "destination_address_prefixes": [],
            "destination_application_security_group_ids": [],
            "destination_port_range": "80",
            "destination_port_ranges": [],
            "direction": "Outbound",
            "id": "/subscriptions/99b79efe-ebd6-468c-b39f-5669acb259e1/resourceGroups/04-t1-www-rg/providers/Microsoft.Network/networkSecurityGroups/hub-nsg-bastion/securityRules/AllowGetSessionInformation",
            "name": "AllowGetSessionInformation",
            "network_security_group_name": "hub-nsg-bastion",
            "priority": 130,
            "protocol": "*",
            "resource_group_name": "04-t1-www-rg",
            "source_address_prefix": "*",
            "source_address_prefixes": [],
            "source_application_security_group_ids": [],
            "source_port_range": "*",
            "source_port_ranges": [],
            "timeouts": null
          },
          "sensitive_attributes": [],
          "identity_schema_version": 0,
          "identity": {
            "name": "AllowGetSessionInformation",
            "network_security_group_name": "hub-nsg-bastion",
            "resource_group_name": "04-t1-www-rg",
            "subscription_id": "99b79efe-ebd6-468c-b39f-5669acb259e1"
          },
          "private": "eyJlMmJmYjczMC1lY2FhLTExZTYtOGY4OC0zNDM2M2JjN2M0YzAiOnsiY3JlYXRlIjoxODAwMDAwMDAwMDAwLCJkZWxldGUiOjE4MDAwMDAwMDAwMDAsInJlYWQiOjMwMDAwMDAwMDAwMCwidXBkYXRlIjoxODAwMDAwMDAwMDAwfX0=",
          "dependencies": [
            "azurerm_resource_group.rg",
            "module.security.azurerm_network_security_group.nsg_hub_bastion"
          ]
        }
      ]
    },
    {
      "module": "module.security",
      "mode": "managed",
      "type": "azurerm_network_security_rule",
      "name": "hub_bas_host_communication",
      "provider": "provider[\"registry.terraform.io/hashicorp/azurerm\"]",
      "instances": [
        {
          "schema_version": 0,
          "attributes": {
            "access": "Allow",
            "description": "",
            "destination_address_prefix": "VirtualNetwork",
            "destination_address_prefixes": [],
            "destination_application_security_group_ids": [],
            "destination_port_range": "",
            "destination_port_ranges": [
              "5701",
              "8080"
            ],
            "direction": "Inbound",
            "id": "/subscriptions/99b79efe-ebd6-468c-b39f-5669acb259e1/resourceGroups/04-t1-www-rg/providers/Microsoft.Network/networkSecurityGroups/hub-nsg-bastion/securityRules/AllowBastionHostCommunication",
            "name": "AllowBastionHostCommunication",
            "network_security_group_name": "hub-nsg-bastion",
            "priority": 150,
            "protocol": "*",
            "resource_group_name": "04-t1-www-rg",
            "source_address_prefix": "VirtualNetwork",
            "source_address_prefixes": [],
            "source_application_security_group_ids": [],
            "source_port_range": "*",
            "source_port_ranges": [],
            "timeouts": null
          },
          "sensitive_attributes": [],
          "identity_schema_version": 0,
          "identity": {
            "name": "AllowBastionHostCommunication",
            "network_security_group_name": "hub-nsg-bastion",
            "resource_group_name": "04-t1-www-rg",
            "subscription_id": "99b79efe-ebd6-468c-b39f-5669acb259e1"
          },
          "private": "eyJlMmJmYjczMC1lY2FhLTExZTYtOGY4OC0zNDM2M2JjN2M0YzAiOnsiY3JlYXRlIjoxODAwMDAwMDAwMDAwLCJkZWxldGUiOjE4MDAwMDAwMDAwMDAsInJlYWQiOjMwMDAwMDAwMDAwMCwidXBkYXRlIjoxODAwMDAwMDAwMDAwfX0=",
          "dependencies": [
            "azurerm_resource_group.rg",
            "module.security.azurerm_network_security_group.nsg_hub_bastion"
          ]
        }
      ]
    },
    {
      "module": "module.security",
      "mode": "managed",
      "type": "azurerm_network_security_rule",
      "name": "hub_bas_https_inbound",
      "provider": "provider[\"registry.terraform.io/hashicorp/azurerm\"]",
      "instances": [
        {
          "schema_version": 0,
          "attributes": {
            "access": "Allow",
            "description": "",
            "destination_address_prefix": "*",
            "destination_address_prefixes": [],
            "destination_application_security_group_ids": [],
            "destination_port_range": "443",
            "destination_port_ranges": [],
            "direction": "Inbound",
            "id": "/subscriptions/99b79efe-ebd6-468c-b39f-5669acb259e1/resourceGroups/04-t1-www-rg/providers/Microsoft.Network/networkSecurityGroups/hub-nsg-bastion/securityRules/AllowHttpsInbound",
            "name": "AllowHttpsInbound",
            "network_security_group_name": "hub-nsg-bastion",
            "priority": 120,
            "protocol": "Tcp",
            "resource_group_name": "04-t1-www-rg",
            "source_address_prefix": "Internet",
            "source_address_prefixes": [],
            "source_application_security_group_ids": [],
            "source_port_range": "*",
            "source_port_ranges": [],
            "timeouts": null
          },
          "sensitive_attributes": [],
          "identity_schema_version": 0,
          "identity": {
            "name": "AllowHttpsInbound",
            "network_security_group_name": "hub-nsg-bastion",
            "resource_group_name": "04-t1-www-rg",
            "subscription_id": "99b79efe-ebd6-468c-b39f-5669acb259e1"
          },
          "private": "eyJlMmJmYjczMC1lY2FhLTExZTYtOGY4OC0zNDM2M2JjN2M0YzAiOnsiY3JlYXRlIjoxODAwMDAwMDAwMDAwLCJkZWxldGUiOjE4MDAwMDAwMDAwMDAsInJlYWQiOjMwMDAwMDAwMDAwMCwidXBkYXRlIjoxODAwMDAwMDAwMDAwfX0=",
          "dependencies": [
            "azurerm_resource_group.rg",
            "module.security.azurerm_network_security_group.nsg_hub_bastion"
          ]
        }
      ]
    },
    {
      "module": "module.security",
      "mode": "managed",
      "type": "azurerm_network_security_rule",
      "name": "hub_bas_load_balancer",
      "provider": "provider[\"registry.terraform.io/hashicorp/azurerm\"]",
      "instances": [
        {
          "schema_version": 0,
          "attributes": {
            "access": "Allow",
            "description": "",
            "destination_address_prefix": "*",
            "destination_address_prefixes": [],
            "destination_application_security_group_ids": [],
            "destination_port_range": "443",
            "destination_port_ranges": [],
            "direction": "Inbound",
            "id": "/subscriptions/99b79efe-ebd6-468c-b39f-5669acb259e1/resourceGroups/04-t1-www-rg/providers/Microsoft.Network/networkSecurityGroups/hub-nsg-bastion/securityRules/AllowAzureLoadBalancerInbound",
            "name": "AllowAzureLoadBalancerInbound",
            "network_security_group_name": "hub-nsg-bastion",
            "priority": 140,
            "protocol": "Tcp",
            "resource_group_name": "04-t1-www-rg",
            "source_address_prefix": "AzureLoadBalancer",
            "source_address_prefixes": [],
            "source_application_security_group_ids": [],
            "source_port_range": "*",
            "source_port_ranges": [],
            "timeouts": null
          },
          "sensitive_attributes": [],
          "identity_schema_version": 0,
          "identity": {
            "name": "AllowAzureLoadBalancerInbound",
            "network_security_group_name": "hub-nsg-bastion",
            "resource_group_name": "04-t1-www-rg",
            "subscription_id": "99b79efe-ebd6-468c-b39f-5669acb259e1"
          },
          "private": "eyJlMmJmYjczMC1lY2FhLTExZTYtOGY4OC0zNDM2M2JjN2M0YzAiOnsiY3JlYXRlIjoxODAwMDAwMDAwMDAwLCJkZWxldGUiOjE4MDAwMDAwMDAwMDAsInJlYWQiOjMwMDAwMDAwMDAwMCwidXBkYXRlIjoxODAwMDAwMDAwMDAwfX0=",
          "dependencies": [
            "azurerm_resource_group.rg",
            "module.security.azurerm_network_security_group.nsg_hub_bastion"
          ]
        }
      ]
    },
    {
      "module": "module.security",
      "mode": "managed",
      "type": "azurerm_network_security_rule",
      "name": "hub_bas_ssh_rdp_outbound",
      "provider": "provider[\"registry.terraform.io/hashicorp/azurerm\"]",
      "instances": [
        {
          "schema_version": 0,
          "attributes": {
            "access": "Allow",
            "description": "",
            "destination_address_prefix": "VirtualNetwork",
            "destination_address_prefixes": [],
            "destination_application_security_group_ids": [],
            "destination_port_range": "",
            "destination_port_ranges": [
              "22",
              "3389"
            ],
            "direction": "Outbound",
            "id": "/subscriptions/99b79efe-ebd6-468c-b39f-5669acb259e1/resourceGroups/04-t1-www-rg/providers/Microsoft.Network/networkSecurityGroups/hub-nsg-bastion/securityRules/AllowSshRdpOutbound",
            "name": "AllowSshRdpOutbound",
            "network_security_group_name": "hub-nsg-bastion",
            "priority": 100,
            "protocol": "*",
            "resource_group_name": "04-t1-www-rg",
            "source_address_prefix": "*",
            "source_address_prefixes": [],
            "source_application_security_group_ids": [],
            "source_port_range": "*",
            "source_port_ranges": [],
            "timeouts": null
          },
          "sensitive_attributes": [],
          "identity_schema_version": 0,
          "identity": {
            "name": "AllowSshRdpOutbound",
            "network_security_group_name": "hub-nsg-bastion",
            "resource_group_name": "04-t1-www-rg",
            "subscription_id": "99b79efe-ebd6-468c-b39f-5669acb259e1"
          },
          "private": "eyJlMmJmYjczMC1lY2FhLTExZTYtOGY4OC0zNDM2M2JjN2M0YzAiOnsiY3JlYXRlIjoxODAwMDAwMDAwMDAwLCJkZWxldGUiOjE4MDAwMDAwMDAwMDAsInJlYWQiOjMwMDAwMDAwMDAwMCwidXBkYXRlIjoxODAwMDAwMDAwMDAwfX0=",
          "dependencies": [
            "azurerm_resource_group.rg",
            "module.security.azurerm_network_security_group.nsg_hub_bastion"
          ]
        }
      ]
    },
    {
      "module": "module.security",
      "mode": "managed",
      "type": "azurerm_network_security_rule",
      "name": "ssh_deny_all",
      "provider": "provider[\"registry.terraform.io/hashicorp/azurerm\"]",
      "instances": [
        {
          "schema_version": 0,
          "attributes": {
            "access": "Deny",
            "description": "",
            "destination_address_prefix": "*",
            "destination_address_prefixes": [],
            "destination_application_security_group_ids": [],
            "destination_port_range": "*",
            "destination_port_ranges": [],
            "direction": "Inbound",
            "id": "/subscriptions/99b79efe-ebd6-468c-b39f-5669acb259e1/resourceGroups/04-t1-www-rg/providers/Microsoft.Network/networkSecurityGroups/www-nsg-ssh/securityRules/deny-all-inbound",
            "name": "deny-all-inbound",
            "network_security_group_name": "www-nsg-ssh",
            "priority": 4096,
            "protocol": "*",
            "resource_group_name": "04-t1-www-rg",
            "source_address_prefix": "*",
            "source_address_prefixes": [],
            "source_application_security_group_ids": [],
            "source_port_range": "*",
            "source_port_ranges": [],
            "timeouts": null
          },
          "sensitive_attributes": [],
          "identity_schema_version": 0,
          "identity": {
            "name": "deny-all-inbound",
            "network_security_group_name": "www-nsg-ssh",
            "resource_group_name": "04-t1-www-rg",
            "subscription_id": "99b79efe-ebd6-468c-b39f-5669acb259e1"
          },
          "private": "eyJlMmJmYjczMC1lY2FhLTExZTYtOGY4OC0zNDM2M2JjN2M0YzAiOnsiY3JlYXRlIjoxODAwMDAwMDAwMDAwLCJkZWxldGUiOjE4MDAwMDAwMDAwMDAsInJlYWQiOjMwMDAwMDAwMDAwMCwidXBkYXRlIjoxODAwMDAwMDAwMDAwfX0=",
          "dependencies": [
            "azurerm_resource_group.rg",
            "module.security.azurerm_network_security_group.nsg_ssh"
          ]
        }
      ]
    },
    {
      "module": "module.security",
      "mode": "managed",
      "type": "azurerm_network_security_rule",
      "name": "ssh_internal",
      "provider": "provider[\"registry.terraform.io/hashicorp/azurerm\"]",
      "instances": [
        {
          "schema_version": 0,
          "attributes": {
            "access": "Allow",
            "description": "",
            "destination_address_prefix": "*",
            "destination_address_prefixes": [],
            "destination_application_security_group_ids": [],
            "destination_port_range": "22",
            "destination_port_ranges": [],
            "direction": "Inbound",
            "id": "/subscriptions/99b79efe-ebd6-468c-b39f-5669acb259e1/resourceGroups/04-t1-www-rg/providers/Microsoft.Network/networkSecurityGroups/www-nsg-ssh/securityRules/allow-ssh-internal",
            "name": "allow-ssh-internal",
            "network_security_group_name": "www-nsg-ssh",
            "priority": 100,
            "protocol": "Tcp",
            "resource_group_name": "04-t1-www-rg",
            "source_address_prefix": "10.0.1.0/24",
            "source_address_prefixes": [],
            "source_application_security_group_ids": [],
            "source_port_range": "*",
            "source_port_ranges": [],
            "timeouts": null
          },
          "sensitive_attributes": [],
          "identity_schema_version": 0,
          "identity": {
            "name": "allow-ssh-internal",
            "network_security_group_name": "www-nsg-ssh",
            "resource_group_name": "04-t1-www-rg",
            "subscription_id": "99b79efe-ebd6-468c-b39f-5669acb259e1"
          },
          "private": "eyJlMmJmYjczMC1lY2FhLTExZTYtOGY4OC0zNDM2M2JjN2M0YzAiOnsiY3JlYXRlIjoxODAwMDAwMDAwMDAwLCJkZWxldGUiOjE4MDAwMDAwMDAwMDAsInJlYWQiOjMwMDAwMDAwMDAwMCwidXBkYXRlIjoxODAwMDAwMDAwMDAwfX0=",
          "dependencies": [
            "azurerm_resource_group.rg",
            "module.security.azurerm_network_security_group.nsg_ssh"
          ]
        }
      ]
    },
    {
      "module": "module.security",
      "mode": "managed",
      "type": "azurerm_network_security_rule",
      "name": "web_allow_lb",
      "provider": "provider[\"registry.terraform.io/hashicorp/azurerm\"]",
      "instances": [
        {
          "schema_version": 0,
          "attributes": {
            "access": "Allow",
            "description": "",
            "destination_address_prefix": "*",
            "destination_address_prefixes": [],
            "destination_application_security_group_ids": [],
            "destination_port_range": "*",
            "destination_port_ranges": [],
            "direction": "Inbound",
            "id": "/subscriptions/99b79efe-ebd6-468c-b39f-5669acb259e1/resourceGroups/04-t1-www-rg/providers/Microsoft.Network/networkSecurityGroups/www-nsg-http/securityRules/allow-azure-load-balancer",
            "name": "allow-azure-load-balancer",
            "network_security_group_name": "www-nsg-http",
            "priority": 120,
            "protocol": "*",
            "resource_group_name": "04-t1-www-rg",
            "source_address_prefix": "AzureLoadBalancer",
            "source_address_prefixes": [],
            "source_application_security_group_ids": [],
            "source_port_range": "*",
            "source_port_ranges": [],
            "timeouts": null
          },
          "sensitive_attributes": [],
          "identity_schema_version": 0,
          "identity": {
            "name": "allow-azure-load-balancer",
            "network_security_group_name": "www-nsg-http",
            "resource_group_name": "04-t1-www-rg",
            "subscription_id": "99b79efe-ebd6-468c-b39f-5669acb259e1"
          },
          "private": "eyJlMmJmYjczMC1lY2FhLTExZTYtOGY4OC0zNDM2M2JjN2M0YzAiOnsiY3JlYXRlIjoxODAwMDAwMDAwMDAwLCJkZWxldGUiOjE4MDAwMDAwMDAwMDAsInJlYWQiOjMwMDAwMDAwMDAwMCwidXBkYXRlIjoxODAwMDAwMDAwMDAwfX0=",
          "dependencies": [
            "azurerm_resource_group.rg",
            "module.security.azurerm_network_security_group.nsg_http"
          ]
        }
      ]
    },
    {
      "module": "module.security",
      "mode": "managed",
      "type": "azurerm_network_security_rule",
      "name": "web_allow_vnet",
      "provider": "provider[\"registry.terraform.io/hashicorp/azurerm\"]",
      "instances": [
        {
          "schema_version": 0,
          "attributes": {
            "access": "Allow",
            "description": "",
            "destination_address_prefix": "VirtualNetwork",
            "destination_address_prefixes": [],
            "destination_application_security_group_ids": [],
            "destination_port_range": "*",
            "destination_port_ranges": [],
            "direction": "Inbound",
            "id": "/subscriptions/99b79efe-ebd6-468c-b39f-5669acb259e1/resourceGroups/04-t1-www-rg/providers/Microsoft.Network/networkSecurityGroups/www-nsg-http/securityRules/allow-vnet-internal",
            "name": "allow-vnet-internal",
            "network_security_group_name": "www-nsg-http",
            "priority": 115,
            "protocol": "*",
            "resource_group_name": "04-t1-www-rg",
            "source_address_prefix": "VirtualNetwork",
            "source_address_prefixes": [],
            "source_application_security_group_ids": [],
            "source_port_range": "*",
            "source_port_ranges": [],
            "timeouts": null
          },
          "sensitive_attributes": [],
          "identity_schema_version": 0,
          "identity": {
            "name": "allow-vnet-internal",
            "network_security_group_name": "www-nsg-http",
            "resource_group_name": "04-t1-www-rg",
            "subscription_id": "99b79efe-ebd6-468c-b39f-5669acb259e1"
          },
          "private": "eyJlMmJmYjczMC1lY2FhLTExZTYtOGY4OC0zNDM2M2JjN2M0YzAiOnsiY3JlYXRlIjoxODAwMDAwMDAwMDAwLCJkZWxldGUiOjE4MDAwMDAwMDAwMDAsInJlYWQiOjMwMDAwMDAwMDAwMCwidXBkYXRlIjoxODAwMDAwMDAwMDAwfX0=",
          "dependencies": [
            "azurerm_resource_group.rg",
            "module.security.azurerm_network_security_group.nsg_http"
          ]
        }
      ]
    },
    {
      "module": "module.security",
      "mode": "managed",
      "type": "azurerm_network_security_rule",
      "name": "web_deny_all",
      "provider": "provider[\"registry.terraform.io/hashicorp/azurerm\"]",
      "instances": [
        {
          "schema_version": 0,
          "attributes": {
            "access": "Deny",
            "description": "",
            "destination_address_prefix": "*",
            "destination_address_prefixes": [],
            "destination_application_security_group_ids": [],
            "destination_port_range": "*",
            "destination_port_ranges": [],
            "direction": "Inbound",
            "id": "/subscriptions/99b79efe-ebd6-468c-b39f-5669acb259e1/resourceGroups/04-t1-www-rg/providers/Microsoft.Network/networkSecurityGroups/www-nsg-http/securityRules/deny-all-inbound",
            "name": "deny-all-inbound",
            "network_security_group_name": "www-nsg-http",
            "priority": 4096,
            "protocol": "*",
            "resource_group_name": "04-t1-www-rg",
            "source_address_prefix": "*",
            "source_address_prefixes": [],
            "source_application_security_group_ids": [],
            "source_port_range": "*",
            "source_port_ranges": [],
            "timeouts": null
          },
          "sensitive_attributes": [],
          "identity_schema_version": 0,
          "identity": {
            "name": "deny-all-inbound",
            "network_security_group_name": "www-nsg-http",
            "resource_group_name": "04-t1-www-rg",
            "subscription_id": "99b79efe-ebd6-468c-b39f-5669acb259e1"
          },
          "private": "eyJlMmJmYjczMC1lY2FhLTExZTYtOGY4OC0zNDM2M2JjN2M0YzAiOnsiY3JlYXRlIjoxODAwMDAwMDAwMDAwLCJkZWxldGUiOjE4MDAwMDAwMDAwMDAsInJlYWQiOjMwMDAwMDAwMDAwMCwidXBkYXRlIjoxODAwMDAwMDAwMDAwfX0=",
          "dependencies": [
            "azurerm_resource_group.rg",
            "module.security.azurerm_network_security_group.nsg_http"
          ]
        }
      ]
    },
    {
      "module": "module.security",
      "mode": "managed",
      "type": "azurerm_network_security_rule",
      "name": "web_dns_outbound",
      "provider": "provider[\"registry.terraform.io/hashicorp/azurerm\"]",
      "instances": [
        {
          "schema_version": 0,
          "attributes": {
            "access": "Allow",
            "description": "",
            "destination_address_prefix": "Internet",
            "destination_address_prefixes": [],
            "destination_application_security_group_ids": [],
            "destination_port_range": "53",
            "destination_port_ranges": [],
            "direction": "Outbound",
            "id": "/subscriptions/99b79efe-ebd6-468c-b39f-5669acb259e1/resourceGroups/04-t1-www-rg/providers/Microsoft.Network/networkSecurityGroups/www-nsg-http/securityRules/allow-dns-outbound",
            "name": "allow-dns-outbound",
            "network_security_group_name": "www-nsg-http",
            "priority": 110,
            "protocol": "Udp",
            "resource_group_name": "04-t1-www-rg",
            "source_address_prefix": "*",
            "source_address_prefixes": [],
            "source_application_security_group_ids": [],
            "source_port_range": "*",
            "source_port_ranges": [],
            "timeouts": null
          },
          "sensitive_attributes": [],
          "identity_schema_version": 0,
          "identity": {
            "name": "allow-dns-outbound",
            "network_security_group_name": "www-nsg-http",
            "resource_group_name": "04-t1-www-rg",
            "subscription_id": "99b79efe-ebd6-468c-b39f-5669acb259e1"
          },
          "private": "eyJlMmJmYjczMC1lY2FhLTExZTYtOGY4OC0zNDM2M2JjN2M0YzAiOnsiY3JlYXRlIjoxODAwMDAwMDAwMDAwLCJkZWxldGUiOjE4MDAwMDAwMDAwMDAsInJlYWQiOjMwMDAwMDAwMDAwMCwidXBkYXRlIjoxODAwMDAwMDAwMDAwfX0=",
          "dependencies": [
            "azurerm_resource_group.rg",
            "module.security.azurerm_network_security_group.nsg_http"
          ]
        }
      ]
    },
    {
      "module": "module.security",
      "mode": "managed",
      "type": "azurerm_network_security_rule",
      "name": "web_http_https",
      "provider": "provider[\"registry.terraform.io/hashicorp/azurerm\"]",
      "instances": [
        {
          "schema_version": 0,
          "attributes": {
            "access": "Allow",
            "description": "",
            "destination_address_prefix": "*",
            "destination_address_prefixes": [],
            "destination_application_security_group_ids": [],
            "destination_port_range": "",
            "destination_port_ranges": [
              "443",
              "80"
            ],
            "direction": "Inbound",
            "id": "/subscriptions/99b79efe-ebd6-468c-b39f-5669acb259e1/resourceGroups/04-t1-www-rg/providers/Microsoft.Network/networkSecurityGroups/www-nsg-http/securityRules/allow-http-https",
            "name": "allow-http-https",
            "network_security_group_name": "www-nsg-http",
            "priority": 101,
            "protocol": "Tcp",
            "resource_group_name": "04-t1-www-rg",
            "source_address_prefix": "*",
            "source_address_prefixes": [],
            "source_application_security_group_ids": [],
            "source_port_range": "*",
            "source_port_ranges": [],
            "timeouts": null
          },
          "sensitive_attributes": [],
          "identity_schema_version": 0,
          "identity": {
            "name": "allow-http-https",
            "network_security_group_name": "www-nsg-http",
            "resource_group_name": "04-t1-www-rg",
            "subscription_id": "99b79efe-ebd6-468c-b39f-5669acb259e1"
          },
          "private": "eyJlMmJmYjczMC1lY2FhLTExZTYtOGY4OC0zNDM2M2JjN2M0YzAiOnsiY3JlYXRlIjoxODAwMDAwMDAwMDAwLCJkZWxldGUiOjE4MDAwMDAwMDAwMDAsInJlYWQiOjMwMDAwMDAwMDAwMCwidXBkYXRlIjoxODAwMDAwMDAwMDAwfX0=",
          "dependencies": [
            "azurerm_resource_group.rg",
            "module.security.azurerm_network_security_group.nsg_http"
          ]
        }
      ]
    },
    {
      "module": "module.security",
      "mode": "managed",
      "type": "azurerm_network_security_rule",
      "name": "web_imap_inbound",
      "provider": "provider[\"registry.terraform.io/hashicorp/azurerm\"]",
      "instances": [
        {
          "schema_version": 0,
          "attributes": {
            "access": "Allow",
            "description": "",
            "destination_address_prefix": "*",
            "destination_address_prefixes": [],
            "destination_application_security_group_ids": [],
            "destination_port_range": "993",
            "destination_port_ranges": [],
            "direction": "Inbound",
            "id": "/subscriptions/99b79efe-ebd6-468c-b39f-5669acb259e1/resourceGroups/04-t1-www-rg/providers/Microsoft.Network/networkSecurityGroups/www-nsg-http/securityRules/allow-imap-inbound",
            "name": "allow-imap-inbound",
            "network_security_group_name": "www-nsg-http",
            "priority": 140,
            "protocol": "Tcp",
            "resource_group_name": "04-t1-www-rg",
            "source_address_prefix": "*",
            "source_address_prefixes": [],
            "source_application_security_group_ids": [],
            "source_port_range": "*",
            "source_port_ranges": [],
            "timeouts": null
          },
          "sensitive_attributes": [],
          "identity_schema_version": 0,
          "identity": {
            "name": "allow-imap-inbound",
            "network_security_group_name": "www-nsg-http",
            "resource_group_name": "04-t1-www-rg",
            "subscription_id": "99b79efe-ebd6-468c-b39f-5669acb259e1"
          },
          "private": "eyJlMmJmYjczMC1lY2FhLTExZTYtOGY4OC0zNDM2M2JjN2M0YzAiOnsiY3JlYXRlIjoxODAwMDAwMDAwMDAwLCJkZWxldGUiOjE4MDAwMDAwMDAwMDAsInJlYWQiOjMwMDAwMDAwMDAwMCwidXBkYXRlIjoxODAwMDAwMDAwMDAwfX0=",
          "dependencies": [
            "azurerm_resource_group.rg",
            "module.security.azurerm_network_security_group.nsg_http"
          ]
        }
      ]
    },
    {
      "module": "module.security",
      "mode": "managed",
      "type": "azurerm_network_security_rule",
      "name": "web_outbound",
      "provider": "provider[\"registry.terraform.io/hashicorp/azurerm\"]",
      "instances": [
        {
          "schema_version": 0,
          "attributes": {
            "access": "Allow",
            "description": "",
            "destination_address_prefix": "Internet",
            "destination_address_prefixes": [],
            "destination_application_security_group_ids": [],
            "destination_port_range": "",
            "destination_port_ranges": [
              "443",
              "80"
            ],
            "direction": "Outbound",
            "id": "/subscriptions/99b79efe-ebd6-468c-b39f-5669acb259e1/resourceGroups/04-t1-www-rg/providers/Microsoft.Network/networkSecurityGroups/www-nsg-http/securityRules/allow-web-outbound",
            "name": "allow-web-outbound",
            "network_security_group_name": "www-nsg-http",
            "priority": 100,
            "protocol": "Tcp",
            "resource_group_name": "04-t1-www-rg",
            "source_address_prefix": "*",
            "source_address_prefixes": [],
            "source_application_security_group_ids": [],
            "source_port_range": "*",
            "source_port_ranges": [],
            "timeouts": null
          },
          "sensitive_attributes": [],
          "identity_schema_version": 0,
          "identity": {
            "name": "allow-web-outbound",
            "network_security_group_name": "www-nsg-http",
            "resource_group_name": "04-t1-www-rg",
            "subscription_id": "99b79efe-ebd6-468c-b39f-5669acb259e1"
          },
          "private": "eyJlMmJmYjczMC1lY2FhLTExZTYtOGY4OC0zNDM2M2JjN2M0YzAiOnsiY3JlYXRlIjoxODAwMDAwMDAwMDAwLCJkZWxldGUiOjE4MDAwMDAwMDAwMDAsInJlYWQiOjMwMDAwMDAwMDAwMCwidXBkYXRlIjoxODAwMDAwMDAwMDAwfX0=",
          "dependencies": [
            "azurerm_resource_group.rg",
            "module.security.azurerm_network_security_group.nsg_http"
          ]
        }
      ]
    },
    {
      "module": "module.security",
      "mode": "managed",
      "type": "azurerm_network_security_rule",
      "name": "web_smtp_inbound",
      "provider": "provider[\"registry.terraform.io/hashicorp/azurerm\"]",
      "instances": [
        {
          "schema_version": 0,
          "attributes": {
            "access": "Allow",
            "description": "",
            "destination_address_prefix": "*",
            "destination_address_prefixes": [],
            "destination_application_security_group_ids": [],
            "destination_port_range": "",
            "destination_port_ranges": [
              "25",
              "587"
            ],
            "direction": "Inbound",
            "id": "/subscriptions/99b79efe-ebd6-468c-b39f-5669acb259e1/resourceGroups/04-t1-www-rg/providers/Microsoft.Network/networkSecurityGroups/www-nsg-http/securityRules/allow-smtp-inbound",
            "name": "allow-smtp-inbound",
            "network_security_group_name": "www-nsg-http",
            "priority": 130,
            "protocol": "Tcp",
            "resource_group_name": "04-t1-www-rg",
            "source_address_prefix": "*",
            "source_address_prefixes": [],
            "source_application_security_group_ids": [],
            "source_port_range": "*",
            "source_port_ranges": [],
            "timeouts": null
          },
          "sensitive_attributes": [],
          "identity_schema_version": 0,
          "identity": {
            "name": "allow-smtp-inbound",
            "network_security_group_name": "www-nsg-http",
            "resource_group_name": "04-t1-www-rg",
            "subscription_id": "99b79efe-ebd6-468c-b39f-5669acb259e1"
          },
          "private": "eyJlMmJmYjczMC1lY2FhLTExZTYtOGY4OC0zNDM2M2JjN2M0YzAiOnsiY3JlYXRlIjoxODAwMDAwMDAwMDAwLCJkZWxldGUiOjE4MDAwMDAwMDAwMDAsInJlYWQiOjMwMDAwMDAwMDAwMCwidXBkYXRlIjoxODAwMDAwMDAwMDAwfX0=",
          "dependencies": [
            "azurerm_resource_group.rg",
            "module.security.azurerm_network_security_group.nsg_http"
          ]
        }
      ]
    },
    {
      "module": "module.security",
      "mode": "managed",
      "type": "azurerm_network_security_rule",
      "name": "web_smtp_outbound",
      "provider": "provider[\"registry.terraform.io/hashicorp/azurerm\"]",
      "instances": [
        {
          "schema_version": 0,
          "attributes": {
            "access": "Allow",
            "description": "",
            "destination_address_prefix": "Internet",
            "destination_address_prefixes": [],
            "destination_application_security_group_ids": [],
            "destination_port_range": "",
            "destination_port_ranges": [
              "25",
              "587"
            ],
            "direction": "Outbound",
            "id": "/subscriptions/99b79efe-ebd6-468c-b39f-5669acb259e1/resourceGroups/04-t1-www-rg/providers/Microsoft.Network/networkSecurityGroups/www-nsg-http/securityRules/allow-smtp-outbound",
            "name": "allow-smtp-outbound",
            "network_security_group_name": "www-nsg-http",
            "priority": 120,
            "protocol": "Tcp",
            "resource_group_name": "04-t1-www-rg",
            "source_address_prefix": "*",
            "source_address_prefixes": [],
            "source_application_security_group_ids": [],
            "source_port_range": "*",
            "source_port_ranges": [],
            "timeouts": null
          },
          "sensitive_attributes": [],
          "identity_schema_version": 0,
          "identity": {
            "name": "allow-smtp-outbound",
            "network_security_group_name": "www-nsg-http",
            "resource_group_name": "04-t1-www-rg",
            "subscription_id": "99b79efe-ebd6-468c-b39f-5669acb259e1"
          },
          "private": "eyJlMmJmYjczMC1lY2FhLTExZTYtOGY4OC0zNDM2M2JjN2M0YzAiOnsiY3JlYXRlIjoxODAwMDAwMDAwMDAwLCJkZWxldGUiOjE4MDAwMDAwMDAwMDAsInJlYWQiOjMwMDAwMDAwMDAwMCwidXBkYXRlIjoxODAwMDAwMDAwMDAwfX0=",
          "dependencies": [
            "azurerm_resource_group.rg",
            "module.security.azurerm_network_security_group.nsg_http"
          ]
        }
      ]
    },
    {
      "module": "module.security",
      "mode": "managed",
      "type": "azurerm_network_security_rule",
      "name": "web_ssh_internal",
      "provider": "provider[\"registry.terraform.io/hashicorp/azurerm\"]",
      "instances": [
        {
          "schema_version": 0,
          "attributes": {
            "access": "Allow",
            "description": "",
            "destination_address_prefix": "*",
            "destination_address_prefixes": [],
            "destination_application_security_group_ids": [],
            "destination_port_range": "22",
            "destination_port_ranges": [],
            "direction": "Inbound",
            "id": "/subscriptions/99b79efe-ebd6-468c-b39f-5669acb259e1/resourceGroups/04-t1-www-rg/providers/Microsoft.Network/networkSecurityGroups/www-nsg-http/securityRules/allow-ssh-from-bastion",
            "name": "allow-ssh-from-bastion",
            "network_security_group_name": "www-nsg-http",
            "priority": 110,
            "protocol": "Tcp",
            "resource_group_name": "04-t1-www-rg",
            "source_address_prefix": "",
            "source_address_prefixes": [
              "10.0.1.0/24",
              "10.1.1.0/24",
              "192.168.0.0/16"
            ],
            "source_application_security_group_ids": [],
            "source_port_range": "*",
            "source_port_ranges": [],
            "timeouts": null
          },
          "sensitive_attributes": [],
          "identity_schema_version": 0,
          "identity": {
            "name": "allow-ssh-from-bastion",
            "network_security_group_name": "www-nsg-http",
            "resource_group_name": "04-t1-www-rg",
            "subscription_id": "99b79efe-ebd6-468c-b39f-5669acb259e1"
          },
          "private": "eyJlMmJmYjczMC1lY2FhLTExZTYtOGY4OC0zNDM2M2JjN2M0YzAiOnsiY3JlYXRlIjoxODAwMDAwMDAwMDAwLCJkZWxldGUiOjE4MDAwMDAwMDAwMDAsInJlYWQiOjMwMDAwMDAwMDAwMCwidXBkYXRlIjoxODAwMDAwMDAwMDAwfX0=",
          "dependencies": [
            "azurerm_resource_group.rg",
            "module.security.azurerm_network_security_group.nsg_http"
          ]
        }
      ]
    },
    {
      "module": "module.security",
      "mode": "managed",
      "type": "azurerm_network_security_rule",
      "name": "web_ssh_nat_pool",
      "provider": "provider[\"registry.terraform.io/hashicorp/azurerm\"]",
      "instances": [
        {
          "schema_version": 0,
          "attributes": {
            "access": "Allow",
            "description": "",
            "destination_address_prefix": "*",
            "destination_address_prefixes": [],
            "destination_application_security_group_ids": [],
            "destination_port_range": "22",
            "destination_port_ranges": [],
            "direction": "Inbound",
            "id": "/subscriptions/99b79efe-ebd6-468c-b39f-5669acb259e1/resourceGroups/04-t1-www-rg/providers/Microsoft.Network/networkSecurityGroups/www-nsg-http/securityRules/allow-ssh-nat-pool",
            "name": "allow-ssh-nat-pool",
            "network_security_group_name": "www-nsg-http",
            "priority": 105,
            "protocol": "Tcp",
            "resource_group_name": "04-t1-www-rg",
            "source_address_prefix": "",
            "source_address_prefixes": [
              "211.227.107.208",
              "211.252.127.132",
              "61.108.60.26"
            ],
            "source_application_security_group_ids": [],
            "source_port_range": "*",
            "source_port_ranges": [],
            "timeouts": null
          },
          "sensitive_attributes": [],
          "identity_schema_version": 0,
          "identity": {
            "name": "allow-ssh-nat-pool",
            "network_security_group_name": "www-nsg-http",
            "resource_group_name": "04-t1-www-rg",
            "subscription_id": "99b79efe-ebd6-468c-b39f-5669acb259e1"
          },
          "private": "eyJlMmJmYjczMC1lY2FhLTExZTYtOGY4OC0zNDM2M2JjN2M0YzAiOnsiY3JlYXRlIjoxODAwMDAwMDAwMDAwLCJkZWxldGUiOjE4MDAwMDAwMDAwMDAsInJlYWQiOjMwMDAwMDAwMDAwMCwidXBkYXRlIjoxODAwMDAwMDAwMDAwfX0=",
          "dependencies": [
            "azurerm_resource_group.rg",
            "module.security.azurerm_network_security_group.nsg_http"
          ]
        }
      ]
    },
    {
      "module": "module.security",
      "mode": "managed",
      "type": "azurerm_role_assignment",
      "name": "appgw_kv_role",
      "provider": "provider[\"registry.terraform.io/hashicorp/azurerm\"]",
      "instances": [
        {
          "schema_version": 0,
          "attributes": {
            "condition": "",
            "condition_version": "",
            "delegated_managed_identity_resource_id": "",
            "description": "",
            "id": "/subscriptions/99b79efe-ebd6-468c-b39f-5669acb259e1/resourceGroups/04-t1-www-rg/providers/Microsoft.KeyVault/vaults/www-kv-7e7f667e/providers/Microsoft.Authorization/roleAssignments/50cbb390-ad96-6ddb-2516-00f437bf2ae3",
            "name": "50cbb390-ad96-6ddb-2516-00f437bf2ae3",
            "principal_id": "0f5dc1c3-9abd-4b9a-aee8-3699467dc930",
            "principal_type": "ServicePrincipal",
            "role_definition_id": "/subscriptions/99b79efe-ebd6-468c-b39f-5669acb259e1/providers/Microsoft.Authorization/roleDefinitions/4633458b-17de-408a-b874-0445c86b69e6",
            "role_definition_name": "Key Vault Secrets User",
            "scope": "/subscriptions/99b79efe-ebd6-468c-b39f-5669acb259e1/resourceGroups/04-t1-www-rg/providers/Microsoft.KeyVault/vaults/www-kv-7e7f667e",
            "skip_service_principal_aad_check": null,
            "timeouts": null
          },
          "sensitive_attributes": [],
          "identity_schema_version": 0,
          "private": "eyJlMmJmYjczMC1lY2FhLTExZTYtOGY4OC0zNDM2M2JjN2M0YzAiOnsiY3JlYXRlIjoxODAwMDAwMDAwMDAwLCJkZWxldGUiOjE4MDAwMDAwMDAwMDAsInJlYWQiOjMwMDAwMDAwMDAwMH19",
          "dependencies": [
            "azurerm_resource_group.rg",
            "module.identity.azurerm_user_assigned_identity.appgw_identity",
            "module.network_central.azurerm_subnet.subnets",
            "module.network_central.azurerm_virtual_network.vnet",
            "module.security.azurerm_key_vault.kv",
            "module.security.data.azurerm_client_config.current",
            "module.security.data.http.my_ip",
            "module.security.random_id.kv"
          ]
        }
      ]
    },
    {
      "module": "module.security",
      "mode": "managed",
      "type": "azurerm_role_assignment",
      "name": "kv_admin_sp",
      "provider": "provider[\"registry.terraform.io/hashicorp/azurerm\"]",
      "instances": [
        {
          "schema_version": 0,
          "attributes": {
            "condition": "",
            "condition_version": "",
            "delegated_managed_identity_resource_id": "",
            "description": "",
            "id": "/subscriptions/99b79efe-ebd6-468c-b39f-5669acb259e1/resourceGroups/04-t1-www-rg/providers/Microsoft.KeyVault/vaults/www-kv-7e7f667e/providers/Microsoft.Authorization/roleAssignments/40c58bca-8e29-744f-ff7a-96ba1d2cbe9f",
            "name": "40c58bca-8e29-744f-ff7a-96ba1d2cbe9f",
            "principal_id": "492131b6-671b-43f1-ac1e-db6a26222569",
            "principal_type": "User",
            "role_definition_id": "/subscriptions/99b79efe-ebd6-468c-b39f-5669acb259e1/providers/Microsoft.Authorization/roleDefinitions/00482a5a-887f-4fb3-b363-3b7fe8e74483",
            "role_definition_name": "Key Vault Administrator",
            "scope": "/subscriptions/99b79efe-ebd6-468c-b39f-5669acb259e1/resourceGroups/04-t1-www-rg/providers/Microsoft.KeyVault/vaults/www-kv-7e7f667e",
            "skip_service_principal_aad_check": null,
            "timeouts": null
          },
          "sensitive_attributes": [],
          "identity_schema_version": 0,
          "private": "eyJlMmJmYjczMC1lY2FhLTExZTYtOGY4OC0zNDM2M2JjN2M0YzAiOnsiY3JlYXRlIjoxODAwMDAwMDAwMDAwLCJkZWxldGUiOjE4MDAwMDAwMDAwMDAsInJlYWQiOjMwMDAwMDAwMDAwMH19",
          "dependencies": [
            "azurerm_resource_group.rg",
            "module.network_central.azurerm_subnet.subnets",
            "module.network_central.azurerm_virtual_network.vnet",
            "module.security.azurerm_key_vault.kv",
            "module.security.data.azurerm_client_config.current",
            "module.security.data.http.my_ip",
            "module.security.random_id.kv"
          ]
        }
      ]
    },
    {
      "module": "module.security",
      "mode": "managed",
      "type": "azurerm_role_assignment",
      "name": "vmss_kv_role",
      "provider": "provider[\"registry.terraform.io/hashicorp/azurerm\"]",
      "instances": [
        {
          "schema_version": 0,
          "attributes": {
            "condition": "",
            "condition_version": "",
            "delegated_managed_identity_resource_id": "",
            "description": "",
            "id": "/subscriptions/99b79efe-ebd6-468c-b39f-5669acb259e1/resourceGroups/04-t1-www-rg/providers/Microsoft.KeyVault/vaults/www-kv-7e7f667e/providers/Microsoft.Authorization/roleAssignments/40b83bb6-755c-8585-bf1d-b24dd6a854db",
            "name": "40b83bb6-755c-8585-bf1d-b24dd6a854db",
            "principal_id": "bc56f690-cc9b-4070-9d14-a86014cc0710",
            "principal_type": "ServicePrincipal",
            "role_definition_id": "/subscriptions/99b79efe-ebd6-468c-b39f-5669acb259e1/providers/Microsoft.Authorization/roleDefinitions/4633458b-17de-408a-b874-0445c86b69e6",
            "role_definition_name": "Key Vault Secrets User",
            "scope": "/subscriptions/99b79efe-ebd6-468c-b39f-5669acb259e1/resourceGroups/04-t1-www-rg/providers/Microsoft.KeyVault/vaults/www-kv-7e7f667e",
            "skip_service_principal_aad_check": null,
            "timeouts": null
          },
          "sensitive_attributes": [],
          "identity_schema_version": 0,
          "private": "eyJlMmJmYjczMC1lY2FhLTExZTYtOGY4OC0zNDM2M2JjN2M0YzAiOnsiY3JlYXRlIjoxODAwMDAwMDAwMDAwLCJkZWxldGUiOjE4MDAwMDAwMDAwMDAsInJlYWQiOjMwMDAwMDAwMDAwMH19",
          "dependencies": [
            "azurerm_resource_group.rg",
            "module.identity.azurerm_user_assigned_identity.vmss_identity",
            "module.network_central.azurerm_subnet.subnets",
            "module.network_central.azurerm_virtual_network.vnet",
            "module.security.azurerm_key_vault.kv",
            "module.security.data.azurerm_client_config.current",
            "module.security.data.http.my_ip",
            "module.security.random_id.kv"
          ]
        }
      ]
    },
    {
      "module": "module.security",
      "mode": "managed",
      "type": "azurerm_security_center_subscription_pricing",
      "name": "arm",
      "provider": "provider[\"registry.terraform.io/hashicorp/azurerm\"]",
      "instances": [
        {
          "schema_version": 1,
          "attributes": {
            "extension": [],
            "id": "/subscriptions/99b79efe-ebd6-468c-b39f-5669acb259e1/providers/Microsoft.Security/pricings/Arm",
            "resource_type": "Arm",
            "subplan": "PerSubscription",
            "tier": "Standard",
            "timeouts": null
          },
          "sensitive_attributes": [],
          "identity_schema_version": 0,
          "private": "eyJlMmJmYjczMC1lY2FhLTExZTYtOGY4OC0zNDM2M2JjN2M0YzAiOnsiY3JlYXRlIjozNjAwMDAwMDAwMDAwLCJkZWxldGUiOjM2MDAwMDAwMDAwMDAsInJlYWQiOjMwMDAwMDAwMDAwMCwidXBkYXRlIjozNjAwMDAwMDAwMDAwfSwic2NoZW1hX3ZlcnNpb24iOiIxIn0="
        }
      ]
    },
    {
      "module": "module.security",
      "mode": "managed",
      "type": "azurerm_security_center_subscription_pricing",
      "name": "containers",
      "provider": "provider[\"registry.terraform.io/hashicorp/azurerm\"]",
      "instances": [
        {
          "schema_version": 1,
          "attributes": {
            "extension": [],
            "id": "/subscriptions/99b79efe-ebd6-468c-b39f-5669acb259e1/providers/Microsoft.Security/pricings/Containers",
            "resource_type": "Containers",
            "subplan": "",
            "tier": "Standard",
            "timeouts": null
          },
          "sensitive_attributes": [],
          "identity_schema_version": 0,
          "private": "eyJlMmJmYjczMC1lY2FhLTExZTYtOGY4OC0zNDM2M2JjN2M0YzAiOnsiY3JlYXRlIjozNjAwMDAwMDAwMDAwLCJkZWxldGUiOjM2MDAwMDAwMDAwMDAsInJlYWQiOjMwMDAwMDAwMDAwMCwidXBkYXRlIjozNjAwMDAwMDAwMDAwfSwic2NoZW1hX3ZlcnNpb24iOiIxIn0="
        }
      ]
    },
    {
      "module": "module.security",
      "mode": "managed",
      "type": "azurerm_security_center_subscription_pricing",
      "name": "dns",
      "provider": "provider[\"registry.terraform.io/hashicorp/azurerm\"]",
      "instances": [
        {
          "schema_version": 1,
          "attributes": {
            "extension": [],
            "id": "/subscriptions/99b79efe-ebd6-468c-b39f-5669acb259e1/providers/Microsoft.Security/pricings/Dns",
            "resource_type": "Dns",
            "subplan": "",
            "tier": "Standard",
            "timeouts": null
          },
          "sensitive_attributes": [],
          "identity_schema_version": 0,
          "private": "eyJlMmJmYjczMC1lY2FhLTExZTYtOGY4OC0zNDM2M2JjN2M0YzAiOnsiY3JlYXRlIjozNjAwMDAwMDAwMDAwLCJkZWxldGUiOjM2MDAwMDAwMDAwMDAsInJlYWQiOjMwMDAwMDAwMDAwMCwidXBkYXRlIjozNjAwMDAwMDAwMDAwfSwic2NoZW1hX3ZlcnNpb24iOiIxIn0="
        }
      ]
    },
    {
      "module": "module.security",
      "mode": "managed",
      "type": "azurerm_security_center_subscription_pricing",
      "name": "kv",
      "provider": "provider[\"registry.terraform.io/hashicorp/azurerm\"]",
      "instances": [
        {
          "schema_version": 1,
          "attributes": {
            "extension": [],
            "id": "/subscriptions/99b79efe-ebd6-468c-b39f-5669acb259e1/providers/Microsoft.Security/pricings/KeyVaults",
            "resource_type": "KeyVaults",
            "subplan": "PerKeyVault",
            "tier": "Standard",
            "timeouts": null
          },
          "sensitive_attributes": [],
          "identity_schema_version": 0,
          "private": "eyJlMmJmYjczMC1lY2FhLTExZTYtOGY4OC0zNDM2M2JjN2M0YzAiOnsiY3JlYXRlIjozNjAwMDAwMDAwMDAwLCJkZWxldGUiOjM2MDAwMDAwMDAwMDAsInJlYWQiOjMwMDAwMDAwMDAwMCwidXBkYXRlIjozNjAwMDAwMDAwMDAwfSwic2NoZW1hX3ZlcnNpb24iOiIxIn0="
        }
      ]
    },
    {
      "module": "module.security",
      "mode": "managed",
      "type": "azurerm_security_center_subscription_pricing",
      "name": "sql",
      "provider": "provider[\"registry.terraform.io/hashicorp/azurerm\"]",
      "instances": [
        {
          "schema_version": 1,
          "attributes": {
            "extension": [],
            "id": "/subscriptions/99b79efe-ebd6-468c-b39f-5669acb259e1/providers/Microsoft.Security/pricings/SqlServers",
            "resource_type": "SqlServers",
            "subplan": "",
            "tier": "Standard",
            "timeouts": null
          },
          "sensitive_attributes": [],
          "identity_schema_version": 0,
          "private": "eyJlMmJmYjczMC1lY2FhLTExZTYtOGY4OC0zNDM2M2JjN2M0YzAiOnsiY3JlYXRlIjozNjAwMDAwMDAwMDAwLCJkZWxldGUiOjM2MDAwMDAwMDAwMDAsInJlYWQiOjMwMDAwMDAwMDAwMCwidXBkYXRlIjozNjAwMDAwMDAwMDAwfSwic2NoZW1hX3ZlcnNpb24iOiIxIn0="
        }
      ]
    },
    {
      "module": "module.security",
      "mode": "managed",
      "type": "azurerm_security_center_subscription_pricing",
      "name": "storage",
      "provider": "provider[\"registry.terraform.io/hashicorp/azurerm\"]",
      "instances": [
        {
          "schema_version": 1,
          "attributes": {
            "extension": [],
            "id": "/subscriptions/99b79efe-ebd6-468c-b39f-5669acb259e1/providers/Microsoft.Security/pricings/StorageAccounts",
            "resource_type": "StorageAccounts",
            "subplan": "DefenderForStorageV2",
            "tier": "Standard",
            "timeouts": null
          },
          "sensitive_attributes": [],
          "identity_schema_version": 0,
          "private": "eyJlMmJmYjczMC1lY2FhLTExZTYtOGY4OC0zNDM2M2JjN2M0YzAiOnsiY3JlYXRlIjozNjAwMDAwMDAwMDAwLCJkZWxldGUiOjM2MDAwMDAwMDAwMDAsInJlYWQiOjMwMDAwMDAwMDAwMCwidXBkYXRlIjozNjAwMDAwMDAwMDAwfSwic2NoZW1hX3ZlcnNpb24iOiIxIn0="
        }
      ]
    },
    {
      "module": "module.security",
      "mode": "managed",
      "type": "azurerm_security_center_subscription_pricing",
      "name": "vm",
      "provider": "provider[\"registry.terraform.io/hashicorp/azurerm\"]",
      "instances": [
        {
          "schema_version": 1,
          "attributes": {
            "extension": [],
            "id": "/subscriptions/99b79efe-ebd6-468c-b39f-5669acb259e1/providers/Microsoft.Security/pricings/VirtualMachines",
            "resource_type": "VirtualMachines",
            "subplan": "P2",
            "tier": "Standard",
            "timeouts": null
          },
          "sensitive_attributes": [],
          "identity_schema_version": 0,
          "private": "eyJlMmJmYjczMC1lY2FhLTExZTYtOGY4OC0zNDM2M2JjN2M0YzAiOnsiY3JlYXRlIjozNjAwMDAwMDAwMDAwLCJkZWxldGUiOjM2MDAwMDAwMDAwMDAsInJlYWQiOjMwMDAwMDAwMDAwMCwidXBkYXRlIjozNjAwMDAwMDAwMDAwfSwic2NoZW1hX3ZlcnNpb24iOiIxIn0="
        }
      ]
    },
    {
      "module": "module.security",
      "mode": "managed",
      "type": "azurerm_sentinel_alert_rule_scheduled",
      "name": "break_glass_usage",
      "provider": "provider[\"registry.terraform.io/hashicorp/azurerm\"]",
      "instances": [
        {
          "schema_version": 0,
          "attributes": {
            "alert_details_override": [],
            "alert_rule_template_guid": "",
            "alert_rule_template_version": "",
            "custom_details": {},
            "description": "Detects successful login by emergency break-glass accounts.",
            "display_name": "EMERGENCY: Break Glass Account Used",
            "enabled": true,
            "entity_mapping": [],
            "event_grouping": [],
            "id": "/subscriptions/99b79efe-ebd6-468c-b39f-5669acb259e1/resourceGroups/04-t1-www-rg/providers/Microsoft.OperationalInsights/workspaces/www-law/providers/Microsoft.SecurityInsights/alertRules/Break Glass Account Usage",
            "incident": [
              {
                "create_incident_enabled": true,
                "grouping": [
                  {
                    "by_alert_details": [],
                    "by_custom_details": [],
                    "by_entities": [],
                    "enabled": false,
                    "entity_matching_method": "AllEntities",
                    "lookback_duration": "PT5M",
                    "reopen_closed_incidents": false
                  }
                ]
              }
            ],
            "log_analytics_workspace_id": "/subscriptions/99b79efe-ebd6-468c-b39f-5669acb259e1/resourceGroups/04-t1-www-rg/providers/Microsoft.OperationalInsights/workspaces/www-law",
            "name": "Break Glass Account Usage",
            "query": "SigninLogs\r\n| where UserPrincipalName contains \"breakglass\" or UserPrincipalName contains \"emergency\"\r\n| where ResultType == 0\r\n| project TimeGenerated, UserPrincipalName, IPAddress, Location\r\n",
            "query_frequency": "PT5M",
            "query_period": "PT5M",
            "sentinel_entity_mapping": [],
            "severity": "High",
            "suppression_duration": "PT5H",
            "suppression_enabled": false,
            "tactics": [],
            "techniques": [],
            "timeouts": null,
            "trigger_operator": "GreaterThan",
            "trigger_threshold": 0
          },
          "sensitive_attributes": [],
          "identity_schema_version": 0,
          "private": "eyJlMmJmYjczMC1lY2FhLTExZTYtOGY4OC0zNDM2M2JjN2M0YzAiOnsiY3JlYXRlIjoxODAwMDAwMDAwMDAwLCJkZWxldGUiOjE4MDAwMDAwMDAwMDAsInJlYWQiOjMwMDAwMDAwMDAwMCwidXBkYXRlIjoxODAwMDAwMDAwMDAwfX0=",
          "dependencies": [
            "azurerm_resource_group.rg",
            "module.security.azurerm_log_analytics_solution.sentinel",
            "module.security.azurerm_log_analytics_workspace.law",
            "module.security.azurerm_sentinel_log_analytics_workspace_onboarding.sentinel_onboarding"
          ]
        }
      ]
    },
    {
      "module": "module.security",
      "mode": "managed",
      "type": "azurerm_sentinel_alert_rule_scheduled",
      "name": "log_tampering",
      "provider": "provider[\"registry.terraform.io/hashicorp/azurerm\"]",
      "instances": [
        {
          "schema_version": 0,
          "attributes": {
            "alert_details_override": [],
            "alert_rule_template_guid": "",
            "alert_rule_template_version": "",
            "custom_details": {},
            "description": "Detects attempts to delete or tamper with log files.",
            "display_name": "Log File Deletion or Tampering",
            "enabled": true,
            "entity_mapping": [],
            "event_grouping": [],
            "id": "/subscriptions/99b79efe-ebd6-468c-b39f-5669acb259e1/resourceGroups/04-t1-www-rg/providers/Microsoft.OperationalInsights/workspaces/www-law/providers/Microsoft.SecurityInsights/alertRules/Log Tampering Detection",
            "incident": [
              {
                "create_incident_enabled": true,
                "grouping": [
                  {
                    "by_alert_details": [],
                    "by_custom_details": [],
                    "by_entities": [],
                    "enabled": false,
                    "entity_matching_method": "AllEntities",
                    "lookback_duration": "PT5M",
                    "reopen_closed_incidents": false
                  }
                ]
              }
            ],
            "log_analytics_workspace_id": "/subscriptions/99b79efe-ebd6-468c-b39f-5669acb259e1/resourceGroups/04-t1-www-rg/providers/Microsoft.OperationalInsights/workspaces/www-law",
            "name": "Log Tampering Detection",
            "query": "Syslog\r\n| where SyslogMessage contains \"rm \" and SyslogMessage contains \"/var/log\"\r\n    or SyslogMessage contains \"truncate\" and SyslogMessage contains \"log\"\r\n    or SyslogMessage contains \"\u003e /var/log\"\r\n| extend TamperingCommand = extract(@\"(rm|truncate|\u003e).*\", 0, SyslogMessage)\r\n| project TimeGenerated, Computer, TamperingCommand, SyslogMessage\r\n",
            "query_frequency": "PT5M",
            "query_period": "PT5M",
            "sentinel_entity_mapping": [],
            "severity": "High",
            "suppression_duration": "PT5H",
            "suppression_enabled": false,
            "tactics": [],
            "techniques": [],
            "timeouts": null,
            "trigger_operator": "GreaterThan",
            "trigger_threshold": 0
          },
          "sensitive_attributes": [],
          "identity_schema_version": 0,
          "private": "eyJlMmJmYjczMC1lY2FhLTExZTYtOGY4OC0zNDM2M2JjN2M0YzAiOnsiY3JlYXRlIjoxODAwMDAwMDAwMDAwLCJkZWxldGUiOjE4MDAwMDAwMDAwMDAsInJlYWQiOjMwMDAwMDAwMDAwMCwidXBkYXRlIjoxODAwMDAwMDAwMDAwfX0=",
          "dependencies": [
            "azurerm_resource_group.rg",
            "module.security.azurerm_log_analytics_solution.sentinel",
            "module.security.azurerm_log_analytics_workspace.law",
            "module.security.azurerm_sentinel_log_analytics_workspace_onboarding.sentinel_onboarding"
          ]
        }
      ]
    },
    {
      "module": "module.security",
      "mode": "managed",
      "type": "azurerm_sentinel_alert_rule_scheduled",
      "name": "mail_spoofing",
      "provider": "provider[\"registry.terraform.io/hashicorp/azurerm\"]",
      "instances": [
        {
          "schema_version": 0,
          "attributes": {
            "alert_details_override": [],
            "alert_rule_template_guid": "",
            "alert_rule_template_version": "",
            "custom_details": {},
            "description": "Detects email spoofing via SPF validation failure.",
            "display_name": "Email Spoofing Attempt Detected",
            "enabled": true,
            "entity_mapping": [],
            "event_grouping": [],
            "id": "/subscriptions/99b79efe-ebd6-468c-b39f-5669acb259e1/resourceGroups/04-t1-www-rg/providers/Microsoft.OperationalInsights/workspaces/www-law/providers/Microsoft.SecurityInsights/alertRules/Mail Spoofing Attempt",
            "incident": [
              {
                "create_incident_enabled": true,
                "grouping": [
                  {
                    "by_alert_details": [],
                    "by_custom_details": [],
                    "by_entities": [],
                    "enabled": false,
                    "entity_matching_method": "AllEntities",
                    "lookback_duration": "PT5M",
                    "reopen_closed_incidents": false
                  }
                ]
              }
            ],
            "log_analytics_workspace_id": "/subscriptions/99b79efe-ebd6-468c-b39f-5669acb259e1/resourceGroups/04-t1-www-rg/providers/Microsoft.OperationalInsights/workspaces/www-law",
            "name": "Mail Spoofing Attempt",
            "query": "Syslog\r\n| where Facility == \"mail\"\r\n| where SyslogMessage contains \"SPF\" and (SyslogMessage contains \"fail\" or SyslogMessage contains \"softfail\")\r\n| project TimeGenerated, Computer, SyslogMessage\r\n",
            "query_frequency": "PT15M",
            "query_period": "PT15M",
            "sentinel_entity_mapping": [],
            "severity": "Medium",
            "suppression_duration": "PT5H",
            "suppression_enabled": false,
            "tactics": [],
            "techniques": [],
            "timeouts": null,
            "trigger_operator": "GreaterThan",
            "trigger_threshold": 0
          },
          "sensitive_attributes": [],
          "identity_schema_version": 0,
          "private": "eyJlMmJmYjczMC1lY2FhLTExZTYtOGY4OC0zNDM2M2JjN2M0YzAiOnsiY3JlYXRlIjoxODAwMDAwMDAwMDAwLCJkZWxldGUiOjE4MDAwMDAwMDAwMDAsInJlYWQiOjMwMDAwMDAwMDAwMCwidXBkYXRlIjoxODAwMDAwMDAwMDAwfX0=",
          "dependencies": [
            "azurerm_resource_group.rg",
            "module.security.azurerm_log_analytics_solution.sentinel",
            "module.security.azurerm_log_analytics_workspace.law",
            "module.security.azurerm_sentinel_log_analytics_workspace_onboarding.sentinel_onboarding"
          ]
        }
      ]
    },
    {
      "module": "module.security",
      "mode": "managed",
      "type": "azurerm_sentinel_alert_rule_scheduled",
      "name": "malicious_ip",
      "provider": "provider[\"registry.terraform.io/hashicorp/azurerm\"]",
      "instances": [
        {
          "schema_version": 0,
          "attributes": {
            "alert_details_override": [],
            "alert_rule_template_guid": "",
            "alert_rule_template_version": "",
            "custom_details": {},
            "description": "Detects network security alerts from Defender for Cloud including suspicious IP communication.",
            "display_name": "Communication with Malicious IP (Defender)",
            "enabled": true,
            "entity_mapping": [],
            "event_grouping": [],
            "id": "/subscriptions/99b79efe-ebd6-468c-b39f-5669acb259e1/resourceGroups/04-t1-www-rg/providers/Microsoft.OperationalInsights/workspaces/www-law/providers/Microsoft.SecurityInsights/alertRules/Malicious IP Communication",
            "incident": [
              {
                "create_incident_enabled": true,
                "grouping": [
                  {
                    "by_alert_details": [],
                    "by_custom_details": [],
                    "by_entities": [],
                    "enabled": false,
                    "entity_matching_method": "AllEntities",
                    "lookback_duration": "PT5M",
                    "reopen_closed_incidents": false
                  }
                ]
              }
            ],
            "log_analytics_workspace_id": "/subscriptions/99b79efe-ebd6-468c-b39f-5669acb259e1/resourceGroups/04-t1-www-rg/providers/Microsoft.OperationalInsights/workspaces/www-law",
            "name": "Malicious IP Communication",
            "query": "SecurityAlert\r\n| where TimeGenerated \u003e ago(1h)\r\n| where ProviderName == \"Azure Security Center\"\r\n| where AlertType contains \"Network\" or AlertType contains \"SSH\" or AlertType contains \"RDP\"\r\n| project TimeGenerated, AlertName, Description, RemediationSteps, ResourceId\r\n",
            "query_frequency": "PT1H",
            "query_period": "PT1H",
            "sentinel_entity_mapping": [],
            "severity": "High",
            "suppression_duration": "PT5H",
            "suppression_enabled": false,
            "tactics": [],
            "techniques": [],
            "timeouts": null,
            "trigger_operator": "GreaterThan",
            "trigger_threshold": 0
          },
          "sensitive_attributes": [],
          "identity_schema_version": 0,
          "private": "eyJlMmJmYjczMC1lY2FhLTExZTYtOGY4OC0zNDM2M2JjN2M0YzAiOnsiY3JlYXRlIjoxODAwMDAwMDAwMDAwLCJkZWxldGUiOjE4MDAwMDAwMDAwMDAsInJlYWQiOjMwMDAwMDAwMDAwMCwidXBkYXRlIjoxODAwMDAwMDAwMDAwfX0=",
          "dependencies": [
            "azurerm_resource_group.rg",
            "module.security.azurerm_log_analytics_solution.sentinel",
            "module.security.azurerm_log_analytics_workspace.law",
            "module.security.azurerm_sentinel_log_analytics_workspace_onboarding.sentinel_onboarding"
          ]
        }
      ]
    },
    {
      "module": "module.security",
      "mode": "managed",
      "type": "azurerm_sentinel_alert_rule_scheduled",
      "name": "mass_http_requests",
      "provider": "provider[\"registry.terraform.io/hashicorp/azurerm\"]",
      "instances": [
        {
          "schema_version": 0,
          "attributes": {
            "alert_details_override": [],
            "alert_rule_template_guid": "",
            "alert_rule_template_version": "",
            "custom_details": {},
            "description": "Detects more than 100 HTTP requests per minute from single IP (DDoS/Crawler).",
            "display_name": "Suspicious Mass HTTP Requests",
            "enabled": true,
            "entity_mapping": [],
            "event_grouping": [],
            "id": "/subscriptions/99b79efe-ebd6-468c-b39f-5669acb259e1/resourceGroups/04-t1-www-rg/providers/Microsoft.OperationalInsights/workspaces/www-law/providers/Microsoft.SecurityInsights/alertRules/Mass HTTP Request Detection",
            "incident": [
              {
                "create_incident_enabled": true,
                "grouping": [
                  {
                    "by_alert_details": [],
                    "by_custom_details": [],
                    "by_entities": [],
                    "enabled": false,
                    "entity_matching_method": "AllEntities",
                    "lookback_duration": "PT5M",
                    "reopen_closed_incidents": false
                  }
                ]
              }
            ],
            "log_analytics_workspace_id": "/subscriptions/99b79efe-ebd6-468c-b39f-5669acb259e1/resourceGroups/04-t1-www-rg/providers/Microsoft.OperationalInsights/workspaces/www-law",
            "name": "Mass HTTP Request Detection",
            "query": "AzureDiagnostics\r\n| where ResourceType == \"APPLICATIONGATEWAYS\"\r\n| where Category == \"ApplicationGatewayAccessLog\"\r\n| summarize RequestCount = count() by clientIP_s, bin(TimeGenerated, 1m)\r\n| where RequestCount \u003e 100\r\n| project TimeGenerated, AttackerIP = clientIP_s, RequestCount\r\n",
            "query_frequency": "PT5M",
            "query_period": "PT5M",
            "sentinel_entity_mapping": [],
            "severity": "Medium",
            "suppression_duration": "PT5H",
            "suppression_enabled": false,
            "tactics": [],
            "techniques": [],
            "timeouts": null,
            "trigger_operator": "GreaterThan",
            "trigger_threshold": 0
          },
          "sensitive_attributes": [],
          "identity_schema_version": 0,
          "private": "eyJlMmJmYjczMC1lY2FhLTExZTYtOGY4OC0zNDM2M2JjN2M0YzAiOnsiY3JlYXRlIjoxODAwMDAwMDAwMDAwLCJkZWxldGUiOjE4MDAwMDAwMDAwMDAsInJlYWQiOjMwMDAwMDAwMDAwMCwidXBkYXRlIjoxODAwMDAwMDAwMDAwfX0=",
          "dependencies": [
            "azurerm_resource_group.rg",
            "module.security.azurerm_log_analytics_solution.sentinel",
            "module.security.azurerm_log_analytics_workspace.law",
            "module.security.azurerm_sentinel_log_analytics_workspace_onboarding.sentinel_onboarding"
          ]
        }
      ]
    },
    {
      "module": "module.security",
      "mode": "managed",
      "type": "azurerm_sentinel_alert_rule_scheduled",
      "name": "nsg_rule_change",
      "provider": "provider[\"registry.terraform.io/hashicorp/azurerm\"]",
      "instances": [
        {
          "schema_version": 0,
          "attributes": {
            "alert_details_override": [],
            "alert_rule_template_guid": "",
            "alert_rule_template_version": "",
            "custom_details": {},
            "description": "Detects when NSG security rules are created, modified or deleted.",
            "display_name": "Network Security Group Rule Modified",
            "enabled": true,
            "entity_mapping": [],
            "event_grouping": [],
            "id": "/subscriptions/99b79efe-ebd6-468c-b39f-5669acb259e1/resourceGroups/04-t1-www-rg/providers/Microsoft.OperationalInsights/workspaces/www-law/providers/Microsoft.SecurityInsights/alertRules/NSG Rule Modification",
            "incident": [
              {
                "create_incident_enabled": true,
                "grouping": [
                  {
                    "by_alert_details": [],
                    "by_custom_details": [],
                    "by_entities": [],
                    "enabled": false,
                    "entity_matching_method": "AllEntities",
                    "lookback_duration": "PT5M",
                    "reopen_closed_incidents": false
                  }
                ]
              }
            ],
            "log_analytics_workspace_id": "/subscriptions/99b79efe-ebd6-468c-b39f-5669acb259e1/resourceGroups/04-t1-www-rg/providers/Microsoft.OperationalInsights/workspaces/www-law",
            "name": "NSG Rule Modification",
            "query": "AzureActivity\r\n| where OperationNameValue contains \"MICROSOFT.NETWORK/NETWORKSECURITYGROUPS/SECURITYRULES\"\r\n| where ActivityStatusValue == \"Success\"\r\n| project TimeGenerated, Caller, CallerIpAddress, OperationNameValue, ResourceGroup\r\n",
            "query_frequency": "PT15M",
            "query_period": "PT15M",
            "sentinel_entity_mapping": [],
            "severity": "Medium",
            "suppression_duration": "PT5H",
            "suppression_enabled": false,
            "tactics": [],
            "techniques": [],
            "timeouts": null,
            "trigger_operator": "GreaterThan",
            "trigger_threshold": 0
          },
          "sensitive_attributes": [],
          "identity_schema_version": 0,
          "private": "eyJlMmJmYjczMC1lY2FhLTExZTYtOGY4OC0zNDM2M2JjN2M0YzAiOnsiY3JlYXRlIjoxODAwMDAwMDAwMDAwLCJkZWxldGUiOjE4MDAwMDAwMDAwMDAsInJlYWQiOjMwMDAwMDAwMDAwMCwidXBkYXRlIjoxODAwMDAwMDAwMDAwfX0=",
          "dependencies": [
            "azurerm_resource_group.rg",
            "module.security.azurerm_log_analytics_solution.sentinel",
            "module.security.azurerm_log_analytics_workspace.law",
            "module.security.azurerm_sentinel_log_analytics_workspace_onboarding.sentinel_onboarding"
          ]
        }
      ]
    },
    {
      "module": "module.security",
      "mode": "managed",
      "type": "azurerm_sentinel_alert_rule_scheduled",
      "name": "off_hours_login",
      "provider": "provider[\"registry.terraform.io/hashicorp/azurerm\"]",
      "instances": [
        {
          "schema_version": 0,
          "attributes": {
            "alert_details_override": [],
            "alert_rule_template_guid": "",
            "alert_rule_template_version": "",
            "custom_details": {},
            "description": "Detects logins during off-hours (02:00-05:00 KST). Extracts user and source IP.",
            "display_name": "Login During Off Hours (02:00-05:00)",
            "enabled": true,
            "entity_mapping": [],
            "event_grouping": [],
            "id": "/subscriptions/99b79efe-ebd6-468c-b39f-5669acb259e1/resourceGroups/04-t1-www-rg/providers/Microsoft.OperationalInsights/workspaces/www-law/providers/Microsoft.SecurityInsights/alertRules/Off Hours Login",
            "incident": [
              {
                "create_incident_enabled": true,
                "grouping": [
                  {
                    "by_alert_details": [],
                    "by_custom_details": [],
                    "by_entities": [],
                    "enabled": false,
                    "entity_matching_method": "AllEntities",
                    "lookback_duration": "PT5M",
                    "reopen_closed_incidents": false
                  }
                ]
              }
            ],
            "log_analytics_workspace_id": "/subscriptions/99b79efe-ebd6-468c-b39f-5669acb259e1/resourceGroups/04-t1-www-rg/providers/Microsoft.OperationalInsights/workspaces/www-law",
            "name": "Off Hours Login",
            "query": "Syslog\r\n| where Facility == \"auth\" or Facility == \"authpriv\"\r\n| where SyslogMessage contains \"Accepted\"\r\n| extend Hour = datetime_part(\"hour\", TimeGenerated)\r\n| where Hour \u003e= 2 and Hour \u003c= 5\r\n| extend LoginUser = extract(@\"for\\s+(\\w+)\\s+from\", 1, SyslogMessage)\r\n| extend SourceIP = extract(@\"from\\s+(\\d+\\.\\d+\\.\\d+\\.\\d+)\", 1, SyslogMessage)\r\n| project TimeGenerated, Computer, LoginUser, SourceIP, SyslogMessage\r\n",
            "query_frequency": "PT30M",
            "query_period": "PT30M",
            "sentinel_entity_mapping": [],
            "severity": "Low",
            "suppression_duration": "PT5H",
            "suppression_enabled": false,
            "tactics": [],
            "techniques": [],
            "timeouts": null,
            "trigger_operator": "GreaterThan",
            "trigger_threshold": 0
          },
          "sensitive_attributes": [],
          "identity_schema_version": 0,
          "private": "eyJlMmJmYjczMC1lY2FhLTExZTYtOGY4OC0zNDM2M2JjN2M0YzAiOnsiY3JlYXRlIjoxODAwMDAwMDAwMDAwLCJkZWxldGUiOjE4MDAwMDAwMDAwMDAsInJlYWQiOjMwMDAwMDAwMDAwMCwidXBkYXRlIjoxODAwMDAwMDAwMDAwfX0=",
          "dependencies": [
            "azurerm_resource_group.rg",
            "module.security.azurerm_log_analytics_solution.sentinel",
            "module.security.azurerm_log_analytics_workspace.law",
            "module.security.azurerm_sentinel_log_analytics_workspace_onboarding.sentinel_onboarding"
          ]
        }
      ]
    },
    {
      "module": "module.security",
      "mode": "managed",
      "type": "azurerm_sentinel_alert_rule_scheduled",
      "name": "port_scan",
      "provider": "provider[\"registry.terraform.io/hashicorp/azurerm\"]",
      "instances": [
        {
          "schema_version": 0,
          "attributes": {
            "alert_details_override": [],
            "alert_rule_template_guid": "",
            "alert_rule_template_version": "",
            "custom_details": {},
            "description": "Detects port scanning from iptables logs (10+ unique ports in 5 min). Requires iptables logging enabled.",
            "display_name": "Port Scanning Activity Detected",
            "enabled": false,
            "entity_mapping": [],
            "event_grouping": [],
            "id": "/subscriptions/99b79efe-ebd6-468c-b39f-5669acb259e1/resourceGroups/04-t1-www-rg/providers/Microsoft.OperationalInsights/workspaces/www-law/providers/Microsoft.SecurityInsights/alertRules/Port Scan Detection",
            "incident": [
              {
                "create_incident_enabled": true,
                "grouping": [
                  {
                    "by_alert_details": [],
                    "by_custom_details": [],
                    "by_entities": [],
                    "enabled": false,
                    "entity_matching_method": "AllEntities",
                    "lookback_duration": "PT5M",
                    "reopen_closed_incidents": false
                  }
                ]
              }
            ],
            "log_analytics_workspace_id": "/subscriptions/99b79efe-ebd6-468c-b39f-5669acb259e1/resourceGroups/04-t1-www-rg/providers/Microsoft.OperationalInsights/workspaces/www-law",
            "name": "Port Scan Detection",
            "query": "Syslog\r\n| where Facility == \"kern\"\r\n| where SyslogMessage contains \"BLOCKED\" or SyslogMessage contains \"DPT=\"\r\n| extend DestPort = extract(@\"DPT=(\\d+)\", 1, SyslogMessage)\r\n| extend SrcIP = extract(@\"SRC=(\\d+\\.\\d+\\.\\d+\\.\\d+)\", 1, SyslogMessage)\r\n| summarize PortsScanned = dcount(DestPort), AttemptCount = count() by SrcIP, bin(TimeGenerated, 5m)\r\n| where PortsScanned \u003e 10\r\n| project TimeGenerated, AttackerIP = SrcIP, PortsScanned, AttemptCount\r\n",
            "query_frequency": "PT10M",
            "query_period": "PT10M",
            "sentinel_entity_mapping": [],
            "severity": "Medium",
            "suppression_duration": "PT5H",
            "suppression_enabled": false,
            "tactics": [],
            "techniques": [],
            "timeouts": null,
            "trigger_operator": "GreaterThan",
            "trigger_threshold": 0
          },
          "sensitive_attributes": [],
          "identity_schema_version": 0,
          "private": "eyJlMmJmYjczMC1lY2FhLTExZTYtOGY4OC0zNDM2M2JjN2M0YzAiOnsiY3JlYXRlIjoxODAwMDAwMDAwMDAwLCJkZWxldGUiOjE4MDAwMDAwMDAwMDAsInJlYWQiOjMwMDAwMDAwMDAwMCwidXBkYXRlIjoxODAwMDAwMDAwMDAwfX0=",
          "dependencies": [
            "azurerm_resource_group.rg",
            "module.security.azurerm_log_analytics_solution.sentinel",
            "module.security.azurerm_log_analytics_workspace.law",
            "module.security.azurerm_sentinel_log_analytics_workspace_onboarding.sentinel_onboarding"
          ]
        }
      ]
    },
    {
      "module": "module.security",
      "mode": "managed",
      "type": "azurerm_sentinel_alert_rule_scheduled",
      "name": "privilege_escalation",
      "provider": "provider[\"registry.terraform.io/hashicorp/azurerm\"]",
      "instances": [
        {
          "schema_version": 0,
          "attributes": {
            "alert_details_override": [],
            "alert_rule_template_guid": "",
            "alert_rule_template_version": "",
            "custom_details": {},
            "description": "Detects failed sudo/su privilege escalation attempts.",
            "display_name": "Sudo/Su Privilege Escalation Failed",
            "enabled": true,
            "entity_mapping": [],
            "event_grouping": [],
            "id": "/subscriptions/99b79efe-ebd6-468c-b39f-5669acb259e1/resourceGroups/04-t1-www-rg/providers/Microsoft.OperationalInsights/workspaces/www-law/providers/Microsoft.SecurityInsights/alertRules/Privilege Escalation Attempt",
            "incident": [
              {
                "create_incident_enabled": true,
                "grouping": [
                  {
                    "by_alert_details": [],
                    "by_custom_details": [],
                    "by_entities": [],
                    "enabled": false,
                    "entity_matching_method": "AllEntities",
                    "lookback_duration": "PT5M",
                    "reopen_closed_incidents": false
                  }
                ]
              }
            ],
            "log_analytics_workspace_id": "/subscriptions/99b79efe-ebd6-468c-b39f-5669acb259e1/resourceGroups/04-t1-www-rg/providers/Microsoft.OperationalInsights/workspaces/www-law",
            "name": "Privilege Escalation Attempt",
            "query": "Syslog\r\n| where Facility == \"auth\" or Facility == \"authpriv\"\r\n| where SyslogMessage contains \"sudo\" and (SyslogMessage contains \"NOT in sudoers\" or SyslogMessage contains \"incorrect password\")\r\n| extend User = extract(@\"user=(\\w+)\", 1, SyslogMessage)\r\n| extend Command = extract(@\"COMMAND=(.+)\", 1, SyslogMessage)\r\n| project TimeGenerated, Computer, User, Command, SyslogMessage\r\n",
            "query_frequency": "PT5M",
            "query_period": "PT5M",
            "sentinel_entity_mapping": [],
            "severity": "High",
            "suppression_duration": "PT5H",
            "suppression_enabled": false,
            "tactics": [],
            "techniques": [],
            "timeouts": null,
            "trigger_operator": "GreaterThan",
            "trigger_threshold": 0
          },
          "sensitive_attributes": [],
          "identity_schema_version": 0,
          "private": "eyJlMmJmYjczMC1lY2FhLTExZTYtOGY4OC0zNDM2M2JjN2M0YzAiOnsiY3JlYXRlIjoxODAwMDAwMDAwMDAwLCJkZWxldGUiOjE4MDAwMDAwMDAwMDAsInJlYWQiOjMwMDAwMDAwMDAwMCwidXBkYXRlIjoxODAwMDAwMDAwMDAwfX0=",
          "dependencies": [
            "azurerm_resource_group.rg",
            "module.security.azurerm_log_analytics_solution.sentinel",
            "module.security.azurerm_log_analytics_workspace.law",
            "module.security.azurerm_sentinel_log_analytics_workspace_onboarding.sentinel_onboarding"
          ]
        }
      ]
    },
    {
      "module": "module.security",
      "mode": "managed",
      "type": "azurerm_sentinel_alert_rule_scheduled",
      "name": "rbac_change",
      "provider": "provider[\"registry.terraform.io/hashicorp/azurerm\"]",
      "instances": [
        {
          "schema_version": 0,
          "attributes": {
            "alert_details_override": [],
            "alert_rule_template_guid": "",
            "alert_rule_template_version": "",
            "custom_details": {},
            "description": "Detects when Azure RBAC role assignments are created, modified or deleted.",
            "display_name": "Azure RBAC Role Assignment Changed",
            "enabled": true,
            "entity_mapping": [],
            "event_grouping": [],
            "id": "/subscriptions/99b79efe-ebd6-468c-b39f-5669acb259e1/resourceGroups/04-t1-www-rg/providers/Microsoft.OperationalInsights/workspaces/www-law/providers/Microsoft.SecurityInsights/alertRules/RBAC Role Assignment Change",
            "incident": [
              {
                "create_incident_enabled": true,
                "grouping": [
                  {
                    "by_alert_details": [],
                    "by_custom_details": [],
                    "by_entities": [],
                    "enabled": false,
                    "entity_matching_method": "AllEntities",
                    "lookback_duration": "PT5M",
                    "reopen_closed_incidents": false
                  }
                ]
              }
            ],
            "log_analytics_workspace_id": "/subscriptions/99b79efe-ebd6-468c-b39f-5669acb259e1/resourceGroups/04-t1-www-rg/providers/Microsoft.OperationalInsights/workspaces/www-law",
            "name": "RBAC Role Assignment Change",
            "query": "AzureActivity\r\n| where OperationNameValue contains \"MICROSOFT.AUTHORIZATION/ROLEASSIGNMENTS\"\r\n| where ActivityStatusValue == \"Success\"\r\n| project TimeGenerated, Caller, CallerIpAddress, OperationNameValue, ResourceGroup\r\n",
            "query_frequency": "PT15M",
            "query_period": "PT15M",
            "sentinel_entity_mapping": [],
            "severity": "Medium",
            "suppression_duration": "PT5H",
            "suppression_enabled": false,
            "tactics": [],
            "techniques": [],
            "timeouts": null,
            "trigger_operator": "GreaterThan",
            "trigger_threshold": 0
          },
          "sensitive_attributes": [],
          "identity_schema_version": 0,
          "private": "eyJlMmJmYjczMC1lY2FhLTExZTYtOGY4OC0zNDM2M2JjN2M0YzAiOnsiY3JlYXRlIjoxODAwMDAwMDAwMDAwLCJkZWxldGUiOjE4MDAwMDAwMDAwMDAsInJlYWQiOjMwMDAwMDAwMDAwMCwidXBkYXRlIjoxODAwMDAwMDAwMDAwfX0=",
          "dependencies": [
            "azurerm_resource_group.rg",
            "module.security.azurerm_log_analytics_solution.sentinel",
            "module.security.azurerm_log_analytics_workspace.law",
            "module.security.azurerm_sentinel_log_analytics_workspace_onboarding.sentinel_onboarding"
          ]
        }
      ]
    },
    {
      "module": "module.security",
      "mode": "managed",
      "type": "azurerm_sentinel_alert_rule_scheduled",
      "name": "sensitive_file_access",
      "provider": "provider[\"registry.terraform.io/hashicorp/azurerm\"]",
      "instances": [
        {
          "schema_version": 0,
          "attributes": {
            "alert_details_override": [],
            "alert_rule_template_guid": "",
            "alert_rule_template_version": "",
            "custom_details": {},
            "description": "Detects access to sensitive files: /etc/passwd, shadow, sudoers, SSH keys, bash history.",
            "display_name": "Access to Sensitive Files",
            "enabled": true,
            "entity_mapping": [],
            "event_grouping": [],
            "id": "/subscriptions/99b79efe-ebd6-468c-b39f-5669acb259e1/resourceGroups/04-t1-www-rg/providers/Microsoft.OperationalInsights/workspaces/www-law/providers/Microsoft.SecurityInsights/alertRules/Sensitive File Access",
            "incident": [
              {
                "create_incident_enabled": true,
                "grouping": [
                  {
                    "by_alert_details": [],
                    "by_custom_details": [],
                    "by_entities": [],
                    "enabled": false,
                    "entity_matching_method": "AllEntities",
                    "lookback_duration": "PT5M",
                    "reopen_closed_incidents": false
                  }
                ]
              }
            ],
            "log_analytics_workspace_id": "/subscriptions/99b79efe-ebd6-468c-b39f-5669acb259e1/resourceGroups/04-t1-www-rg/providers/Microsoft.OperationalInsights/workspaces/www-law",
            "name": "Sensitive File Access",
            "query": "Syslog\r\n| where SyslogMessage contains \"/etc/passwd\" \r\n    or SyslogMessage contains \"/etc/shadow\"\r\n    or SyslogMessage contains \"/etc/sudoers\"\r\n    or SyslogMessage contains \".ssh/authorized_keys\"\r\n    or SyslogMessage contains \".bash_history\"\r\n| extend AccessedFile = extract(@\"(/etc/\\w+|\\.ssh/\\w+|\\.bash_history)\", 1, SyslogMessage)\r\n| project TimeGenerated, Computer, AccessedFile, SyslogMessage\r\n",
            "query_frequency": "PT15M",
            "query_period": "PT15M",
            "sentinel_entity_mapping": [],
            "severity": "Medium",
            "suppression_duration": "PT5H",
            "suppression_enabled": false,
            "tactics": [],
            "techniques": [],
            "timeouts": null,
            "trigger_operator": "GreaterThan",
            "trigger_threshold": 0
          },
          "sensitive_attributes": [],
          "identity_schema_version": 0,
          "private": "eyJlMmJmYjczMC1lY2FhLTExZTYtOGY4OC0zNDM2M2JjN2M0YzAiOnsiY3JlYXRlIjoxODAwMDAwMDAwMDAwLCJkZWxldGUiOjE4MDAwMDAwMDAwMDAsInJlYWQiOjMwMDAwMDAwMDAwMCwidXBkYXRlIjoxODAwMDAwMDAwMDAwfX0=",
          "dependencies": [
            "azurerm_resource_group.rg",
            "module.security.azurerm_log_analytics_solution.sentinel",
            "module.security.azurerm_log_analytics_workspace.law",
            "module.security.azurerm_sentinel_log_analytics_workspace_onboarding.sentinel_onboarding"
          ]
        }
      ]
    },
    {
      "module": "module.security",
      "mode": "managed",
      "type": "azurerm_sentinel_alert_rule_scheduled",
      "name": "smtp_brute_force",
      "provider": "provider[\"registry.terraform.io/hashicorp/azurerm\"]",
      "instances": [
        {
          "schema_version": 0,
          "attributes": {
            "alert_details_override": [],
            "alert_rule_template_guid": "",
            "alert_rule_template_version": "",
            "custom_details": {},
            "description": "Detects 5+ failed SMTP authentication attempts in 5 minutes.",
            "display_name": "SMTP Authentication Brute Force Attack",
            "enabled": true,
            "entity_mapping": [],
            "event_grouping": [],
            "id": "/subscriptions/99b79efe-ebd6-468c-b39f-5669acb259e1/resourceGroups/04-t1-www-rg/providers/Microsoft.OperationalInsights/workspaces/www-law/providers/Microsoft.SecurityInsights/alertRules/SMTP Brute Force Detection",
            "incident": [
              {
                "create_incident_enabled": true,
                "grouping": [
                  {
                    "by_alert_details": [],
                    "by_custom_details": [],
                    "by_entities": [],
                    "enabled": false,
                    "entity_matching_method": "AllEntities",
                    "lookback_duration": "PT5M",
                    "reopen_closed_incidents": false
                  }
                ]
              }
            ],
            "log_analytics_workspace_id": "/subscriptions/99b79efe-ebd6-468c-b39f-5669acb259e1/resourceGroups/04-t1-www-rg/providers/Microsoft.OperationalInsights/workspaces/www-law",
            "name": "SMTP Brute Force Detection",
            "query": "Syslog\r\n| where Facility == \"mail\"\r\n| where SyslogMessage contains \"authentication failed\" or SyslogMessage contains \"SASL LOGIN authentication failed\"\r\n| summarize FailedAttempts = count() by Computer, Bin = bin(TimeGenerated, 5m)\r\n| where FailedAttempts \u003e 5\r\n",
            "query_frequency": "PT5M",
            "query_period": "PT5M",
            "sentinel_entity_mapping": [],
            "severity": "High",
            "suppression_duration": "PT5H",
            "suppression_enabled": false,
            "tactics": [],
            "techniques": [],
            "timeouts": null,
            "trigger_operator": "GreaterThan",
            "trigger_threshold": 0
          },
          "sensitive_attributes": [],
          "identity_schema_version": 0,
          "private": "eyJlMmJmYjczMC1lY2FhLTExZTYtOGY4OC0zNDM2M2JjN2M0YzAiOnsiY3JlYXRlIjoxODAwMDAwMDAwMDAwLCJkZWxldGUiOjE4MDAwMDAwMDAwMDAsInJlYWQiOjMwMDAwMDAwMDAwMCwidXBkYXRlIjoxODAwMDAwMDAwMDAwfX0=",
          "dependencies": [
            "azurerm_resource_group.rg",
            "module.security.azurerm_log_analytics_solution.sentinel",
            "module.security.azurerm_log_analytics_workspace.law",
            "module.security.azurerm_sentinel_log_analytics_workspace_onboarding.sentinel_onboarding"
          ]
        }
      ]
    },
    {
      "module": "module.security",
      "mode": "managed",
      "type": "azurerm_sentinel_alert_rule_scheduled",
      "name": "ssh_brute_force",
      "provider": "provider[\"registry.terraform.io/hashicorp/azurerm\"]",
      "instances": [
        {
          "schema_version": 0,
          "attributes": {
            "alert_details_override": [],
            "alert_rule_template_guid": "",
            "alert_rule_template_version": "",
            "custom_details": {},
            "description": "Detects 3+ failed SSH login attempts within 5 minutes. Extracts attacker IP and target usernames.",
            "display_name": "SSH Brute Force Attack",
            "enabled": true,
            "entity_mapping": [],
            "event_grouping": [],
            "id": "/subscriptions/99b79efe-ebd6-468c-b39f-5669acb259e1/resourceGroups/04-t1-www-rg/providers/Microsoft.OperationalInsights/workspaces/www-law/providers/Microsoft.SecurityInsights/alertRules/SSH Brute Force Detection",
            "incident": [
              {
                "create_incident_enabled": true,
                "grouping": [
                  {
                    "by_alert_details": [],
                    "by_custom_details": [],
                    "by_entities": [],
                    "enabled": false,
                    "entity_matching_method": "AllEntities",
                    "lookback_duration": "PT5M",
                    "reopen_closed_incidents": false
                  }
                ]
              }
            ],
            "log_analytics_workspace_id": "/subscriptions/99b79efe-ebd6-468c-b39f-5669acb259e1/resourceGroups/04-t1-www-rg/providers/Microsoft.OperationalInsights/workspaces/www-law",
            "name": "SSH Brute Force Detection",
            "query": "Syslog\r\n| where Facility == \"auth\" or Facility == \"authpriv\"\r\n| where SyslogMessage contains \"Failed password\"\r\n| extend AttackerIP = extract(@\"from\\s+(\\d+\\.\\d+\\.\\d+\\.\\d+)\", 1, SyslogMessage)\r\n| extend TargetUser = extract(@\"for\\s+(invalid\\s+user\\s+)?(\\w+)\", 2, SyslogMessage)\r\n| summarize FailedAttempts = count(), TargetUsers = make_set(TargetUser) by Computer, AttackerIP, Bin = bin(TimeGenerated, 5m)\r\n| where FailedAttempts \u003e 3\r\n| project TimeGenerated = Bin, Computer, AttackerIP, FailedAttempts, TargetUsers\r\n",
            "query_frequency": "PT5M",
            "query_period": "PT5M",
            "sentinel_entity_mapping": [],
            "severity": "High",
            "suppression_duration": "PT5H",
            "suppression_enabled": false,
            "tactics": [],
            "techniques": [],
            "timeouts": null,
            "trigger_operator": "GreaterThan",
            "trigger_threshold": 0
          },
          "sensitive_attributes": [],
          "identity_schema_version": 0,
          "private": "eyJlMmJmYjczMC1lY2FhLTExZTYtOGY4OC0zNDM2M2JjN2M0YzAiOnsiY3JlYXRlIjoxODAwMDAwMDAwMDAwLCJkZWxldGUiOjE4MDAwMDAwMDAwMDAsInJlYWQiOjMwMDAwMDAwMDAwMCwidXBkYXRlIjoxODAwMDAwMDAwMDAwfX0=",
          "dependencies": [
            "azurerm_resource_group.rg",
            "module.security.azurerm_log_analytics_solution.sentinel",
            "module.security.azurerm_log_analytics_workspace.law",
            "module.security.azurerm_sentinel_log_analytics_workspace_onboarding.sentinel_onboarding"
          ]
        }
      ]
    },
    {
      "module": "module.security",
      "mode": "managed",
      "type": "azurerm_sentinel_alert_rule_scheduled",
      "name": "suspicious_process",
      "provider": "provider[\"registry.terraform.io/hashicorp/azurerm\"]",
      "instances": [
        {
          "schema_version": 0,
          "attributes": {
            "alert_details_override": [],
            "alert_rule_template_guid": "",
            "alert_rule_template_version": "",
            "custom_details": {},
            "description": "Detects execution of suspicious commands (reverse shells, downloaders).",
            "display_name": "Suspicious Process/Command Detected",
            "enabled": true,
            "entity_mapping": [],
            "event_grouping": [],
            "id": "/subscriptions/99b79efe-ebd6-468c-b39f-5669acb259e1/resourceGroups/04-t1-www-rg/providers/Microsoft.OperationalInsights/workspaces/www-law/providers/Microsoft.SecurityInsights/alertRules/Suspicious Process Execution",
            "incident": [
              {
                "create_incident_enabled": true,
                "grouping": [
                  {
                    "by_alert_details": [],
                    "by_custom_details": [],
                    "by_entities": [],
                    "enabled": false,
                    "entity_matching_method": "AllEntities",
                    "lookback_duration": "PT5M",
                    "reopen_closed_incidents": false
                  }
                ]
              }
            ],
            "log_analytics_workspace_id": "/subscriptions/99b79efe-ebd6-468c-b39f-5669acb259e1/resourceGroups/04-t1-www-rg/providers/Microsoft.OperationalInsights/workspaces/www-law",
            "name": "Suspicious Process Execution",
            "query": "Syslog\r\n| where SyslogMessage contains \"wget\" and SyslogMessage contains \"http\"\r\n    or SyslogMessage contains \"curl\" and SyslogMessage contains \"|\"\r\n    or SyslogMessage contains \"nc -e\"\r\n    or SyslogMessage contains \"bash -i\"\r\n    or SyslogMessage contains \"python -c\"\r\n    or SyslogMessage contains \"base64 -d\"\r\n| extend SuspiciousCommand = extract(@\"(wget|curl|nc|bash|python|base64).*\", 0, SyslogMessage)\r\n| project TimeGenerated, Computer, SuspiciousCommand, SyslogMessage\r\n",
            "query_frequency": "PT5M",
            "query_period": "PT5M",
            "sentinel_entity_mapping": [],
            "severity": "High",
            "suppression_duration": "PT5H",
            "suppression_enabled": false,
            "tactics": [],
            "techniques": [],
            "timeouts": null,
            "trigger_operator": "GreaterThan",
            "trigger_threshold": 0
          },
          "sensitive_attributes": [],
          "identity_schema_version": 0,
          "private": "eyJlMmJmYjczMC1lY2FhLTExZTYtOGY4OC0zNDM2M2JjN2M0YzAiOnsiY3JlYXRlIjoxODAwMDAwMDAwMDAwLCJkZWxldGUiOjE4MDAwMDAwMDAwMDAsInJlYWQiOjMwMDAwMDAwMDAwMCwidXBkYXRlIjoxODAwMDAwMDAwMDAwfX0=",
          "dependencies": [
            "azurerm_resource_group.rg",
            "module.security.azurerm_log_analytics_solution.sentinel",
            "module.security.azurerm_log_analytics_workspace.law",
            "module.security.azurerm_sentinel_log_analytics_workspace_onboarding.sentinel_onboarding"
          ]
        }
      ]
    },
    {
      "module": "module.security",
      "mode": "managed",
      "type": "azurerm_sentinel_alert_rule_scheduled",
      "name": "waf_attack",
      "provider": "provider[\"registry.terraform.io/hashicorp/azurerm\"]",
      "instances": [
        {
          "schema_version": 0,
          "attributes": {
            "alert_details_override": [],
            "alert_rule_template_guid": "",
            "alert_rule_template_version": "",
            "custom_details": {},
            "description": "Detects and classifies web attacks blocked by WAF (SQLi, XSS, etc).",
            "display_name": "Web Attack Blocked by WAF",
            "enabled": true,
            "entity_mapping": [],
            "event_grouping": [],
            "id": "/subscriptions/99b79efe-ebd6-468c-b39f-5669acb259e1/resourceGroups/04-t1-www-rg/providers/Microsoft.OperationalInsights/workspaces/www-law/providers/Microsoft.SecurityInsights/alertRules/WAF Attack Detection",
            "incident": [
              {
                "create_incident_enabled": true,
                "grouping": [
                  {
                    "by_alert_details": [],
                    "by_custom_details": [],
                    "by_entities": [],
                    "enabled": false,
                    "entity_matching_method": "AllEntities",
                    "lookback_duration": "PT5M",
                    "reopen_closed_incidents": false
                  }
                ]
              }
            ],
            "log_analytics_workspace_id": "/subscriptions/99b79efe-ebd6-468c-b39f-5669acb259e1/resourceGroups/04-t1-www-rg/providers/Microsoft.OperationalInsights/workspaces/www-law",
            "name": "WAF Attack Detection",
            "query": "AzureDiagnostics\r\n| where ResourceType == \"APPLICATIONGATEWAYS\"\r\n| where Category == \"ApplicationGatewayFirewallLog\"\r\n| extend AttackType = case(\r\n    Message contains \"SQL\", \"SQL Injection\",\r\n    Message contains \"XSS\", \"XSS Attack\",\r\n    Message contains \"command\", \"Command Injection\",\r\n    Message contains \"path traversal\", \"Path Traversal\",\r\n    \"Other Attack\"\r\n)\r\n| project TimeGenerated, Resource, AttackType, Message\r\n",
            "query_frequency": "PT15M",
            "query_period": "PT15M",
            "sentinel_entity_mapping": [],
            "severity": "Medium",
            "suppression_duration": "PT5H",
            "suppression_enabled": false,
            "tactics": [],
            "techniques": [],
            "timeouts": null,
            "trigger_operator": "GreaterThan",
            "trigger_threshold": 0
          },
          "sensitive_attributes": [],
          "identity_schema_version": 0,
          "private": "eyJlMmJmYjczMC1lY2FhLTExZTYtOGY4OC0zNDM2M2JjN2M0YzAiOnsiY3JlYXRlIjoxODAwMDAwMDAwMDAwLCJkZWxldGUiOjE4MDAwMDAwMDAwMDAsInJlYWQiOjMwMDAwMDAwMDAwMCwidXBkYXRlIjoxODAwMDAwMDAwMDAwfX0=",
          "dependencies": [
            "azurerm_resource_group.rg",
            "module.security.azurerm_log_analytics_solution.sentinel",
            "module.security.azurerm_log_analytics_workspace.law",
            "module.security.azurerm_sentinel_log_analytics_workspace_onboarding.sentinel_onboarding"
          ]
        }
      ]
    },
    {
      "module": "module.security",
      "mode": "managed",
      "type": "azurerm_sentinel_automation_rule",
      "name": "email_on_incident",
      "provider": "provider[\"registry.terraform.io/hashicorp/azurerm\"]",
      "instances": [
        {
          "schema_version": 1,
          "attributes": {
            "action_incident": [
              {
                "classification": "",
                "classification_comment": "",
                "labels": [],
                "order": 1,
                "owner_id": "",
                "severity": "",
                "status": "Active"
              }
            ],
            "action_incident_task": [],
            "action_playbook": [],
            "condition_json": "",
            "display_name": "Auto-Active Incident",
            "enabled": true,
            "expiration": "",
            "id": "/subscriptions/99b79efe-ebd6-468c-b39f-5669acb259e1/resourceGroups/04-t1-www-rg/providers/Microsoft.OperationalInsights/workspaces/www-law/providers/Microsoft.SecurityInsights/automationRules/3159e414-79a9-4b38-b86c-40cae98e1185",
            "log_analytics_workspace_id": "/subscriptions/99b79efe-ebd6-468c-b39f-5669acb259e1/resourceGroups/04-t1-www-rg/providers/Microsoft.OperationalInsights/workspaces/www-law",
            "name": "3159e414-79a9-4b38-b86c-40cae98e1185",
            "order": 1,
            "timeouts": null,
            "triggers_on": "Incidents",
            "triggers_when": "Created"
          },
          "sensitive_attributes": [],
          "identity_schema_version": 0,
          "private": "eyJlMmJmYjczMC1lY2FhLTExZTYtOGY4OC0zNDM2M2JjN2M0YzAiOnsiY3JlYXRlIjozMDAwMDAwMDAwMDAsImRlbGV0ZSI6MzAwMDAwMDAwMDAwLCJyZWFkIjozMDAwMDAwMDAwMDAsInVwZGF0ZSI6MzAwMDAwMDAwMDAwfSwic2NoZW1hX3ZlcnNpb24iOiIxIn0=",
          "dependencies": [
            "azurerm_resource_group.rg",
            "module.security.azurerm_log_analytics_workspace.law",
            "module.security.random_uuid.automation_rule_id"
          ]
        }
      ]
    },
    {
      "module": "module.security",
      "mode": "managed",
      "type": "azurerm_sentinel_log_analytics_workspace_onboarding",
      "name": "sentinel_onboarding",
      "provider": "provider[\"registry.terraform.io/hashicorp/azurerm\"]",
      "instances": [
        {
          "schema_version": 0,
          "attributes": {
            "customer_managed_key_enabled": false,
            "id": "/subscriptions/99b79efe-ebd6-468c-b39f-5669acb259e1/resourceGroups/04-t1-www-rg/providers/Microsoft.OperationalInsights/workspaces/www-law/providers/Microsoft.SecurityInsights/onboardingStates/default",
            "timeouts": null,
            "workspace_id": "/subscriptions/99b79efe-ebd6-468c-b39f-5669acb259e1/resourceGroups/04-t1-www-rg/providers/Microsoft.OperationalInsights/workspaces/www-law"
          },
          "sensitive_attributes": [],
          "identity_schema_version": 0,
          "private": "eyJlMmJmYjczMC1lY2FhLTExZTYtOGY4OC0zNDM2M2JjN2M0YzAiOnsiY3JlYXRlIjoxODAwMDAwMDAwMDAwLCJkZWxldGUiOjE4MDAwMDAwMDAwMDAsInJlYWQiOjMwMDAwMDAwMDAwMH19",
          "dependencies": [
            "azurerm_resource_group.rg",
            "module.security.azurerm_log_analytics_solution.sentinel",
            "module.security.azurerm_log_analytics_workspace.law"
          ]
        }
      ]
    },
    {
      "module": "module.security",
      "mode": "managed",
      "type": "random_id",
      "name": "kv",
      "provider": "provider[\"registry.terraform.io/hashicorp/random\"]",
      "instances": [
        {
          "schema_version": 0,
          "attributes": {
            "b64_std": "fn9mfg==",
            "b64_url": "fn9mfg",
            "byte_length": 4,
            "dec": "2122278526",
            "hex": "7e7f667e",
            "id": "fn9mfg",
            "keepers": null,
            "prefix": null
          },
          "sensitive_attributes": [],
          "identity_schema_version": 0
        }
      ]
    },
    {
      "module": "module.security",
      "mode": "managed",
      "type": "random_uuid",
      "name": "automation_rule_id",
      "provider": "provider[\"registry.terraform.io/hashicorp/random\"]",
      "instances": [
        {
          "schema_version": 0,
          "attributes": {
            "id": "3159e414-79a9-4b38-b86c-40cae98e1185",
            "keepers": null,
            "result": "3159e414-79a9-4b38-b86c-40cae98e1185"
          },
          "sensitive_attributes": [],
          "identity_schema_version": 0
        }
      ]
    },
    {
      "module": "module.serverless",
      "mode": "managed",
      "type": "azurerm_linux_function_app",
      "name": "image_processor",
      "provider": "provider[\"registry.terraform.io/hashicorp/azurerm\"]",
      "instances": [
        {
          "schema_version": 1,
          "attributes": {
            "app_settings": {
              "STORAGE_CONNECTION_STRING": "DefaultEndpointsProtocol=https;AccountName=wwwstoragetre0;AccountKey=iMzhfq6UW8apb2KP+u+x8xM034avtIngIiCuEUCxJO8inpf0FV4HXSsts0SEVYwM/eoYz7kqxBHv+AStFVYVkw==;EndpointSuffix=core.windows.net",
              "THUMBNAIL_HEIGHT": "300",
              "THUMBNAIL_WIDTH": "300"
            },
            "auth_settings": [
              {
                "active_directory": [],
                "additional_login_parameters": {},
                "allowed_external_redirect_urls": [],
                "default_provider": "",
                "enabled": false,
                "facebook": [],
                "github": [],
                "google": [],
                "issuer": "",
                "microsoft": [],
                "runtime_version": "",
                "token_refresh_extension_hours": 0,
                "token_store_enabled": false,
                "twitter": [],
                "unauthenticated_client_action": ""
              }
            ],
            "auth_settings_v2": [],
            "backup": [],
            "builtin_logging_enabled": true,
            "client_certificate_enabled": false,
            "client_certificate_exclusion_paths": "",
            "client_certificate_mode": "Optional",
            "connection_string": [],
            "content_share_force_disabled": false,
            "custom_domain_verification_id": "67FB55E56820BD74EB9C69533C83FCD21FC405F2D826D4F996FC2DCF5C974CDE",
            "daily_memory_time_quota": 0,
            "default_hostname": "www-image-processor.azurewebsites.net",
            "enabled": true,
            "ftp_publish_basic_authentication_enabled": true,
            "functions_extension_version": "~4",
            "hosting_environment_id": "",
            "https_only": false,
            "id": "/subscriptions/99b79efe-ebd6-468c-b39f-5669acb259e1/resourceGroups/04-t1-www-rg/providers/Microsoft.Web/sites/www-image-processor",
            "identity": [],
            "key_vault_reference_identity_id": "SystemAssigned",
            "kind": "functionapp,linux",
            "location": "koreacentral",
            "name": "www-image-processor",
            "outbound_ip_address_list": [
              "52.231.37.184",
              "52.231.38.172",
              "52.231.33.182",
              "52.231.34.9",
              "52.231.38.95"
            ],
            "outbound_ip_addresses": "52.231.37.184,52.231.38.172,52.231.33.182,52.231.34.9,52.231.38.95",
            "possible_outbound_ip_address_list": [
              "52.231.37.184",
              "52.231.38.172",
              "52.231.33.182",
              "52.231.34.9",
              "52.231.69.201",
              "52.231.66.155",
              "20.200.234.181",
              "20.200.235.7",
              "20.200.236.212",
              "20.200.237.27",
              "20.200.237.191",
              "20.200.237.201",
              "20.214.218.33",
              "20.214.218.245",
              "20.214.218.250",
              "20.214.219.16",
              "20.214.219.54",
              "20.214.219.124",
              "52.231.38.95"
            ],
            "possible_outbound_ip_addresses": "52.231.37.184,52.231.38.172,52.231.33.182,52.231.34.9,52.231.69.201,52.231.66.155,20.200.234.181,20.200.235.7,20.200.236.212,20.200.237.27,20.200.237.191,20.200.237.201,20.214.218.33,20.214.218.245,20.214.218.250,20.214.219.16,20.214.219.54,20.214.219.124,52.231.38.95",
            "public_network_access_enabled": true,
            "resource_group_name": "04-t1-www-rg",
            "service_plan_id": "/subscriptions/99b79efe-ebd6-468c-b39f-5669acb259e1/resourceGroups/04-t1-www-rg/providers/Microsoft.Web/serverFarms/www-function-plan",
            "site_config": [
              {
                "always_on": false,
                "api_definition_url": "",
                "api_management_api_id": "",
                "app_command_line": "",
                "app_scale_limit": 200,
                "app_service_logs": [],
                "application_insights_connection_string": "",
                "application_insights_key": "",
                "application_stack": [
                  {
                    "docker": [],
                    "dotnet_version": "",
                    "java_version": "",
                    "node_version": "",
                    "powershell_core_version": "",
                    "python_version": "3.9",
                    "use_custom_runtime": false,
                    "use_dotnet_isolated_runtime": false
                  }
                ],
                "container_registry_managed_identity_client_id": "",
                "container_registry_use_managed_identity": false,
                "cors": [],
                "default_documents": [
                  "Default.htm",
                  "Default.html",
                  "Default.asp",
                  "index.htm",
                  "index.html",
                  "iisstart.htm",
                  "default.aspx",
                  "index.php"
                ],
                "detailed_error_logging_enabled": false,
                "elastic_instance_minimum": 1,
                "ftps_state": "Disabled",
                "health_check_eviction_time_in_min": 0,
                "health_check_path": "",
                "http2_enabled": false,
                "ip_restriction": [],
                "ip_restriction_default_action": "Allow",
                "linux_fx_version": "PYTHON|3.9",
                "load_balancing_mode": "LeastRequests",
                "managed_pipeline_mode": "Integrated",
                "minimum_tls_version": "1.2",
                "pre_warmed_instance_count": 0,
                "remote_debugging_enabled": false,
                "remote_debugging_version": "",
                "runtime_scale_monitoring_enabled": false,
                "scm_ip_restriction": [],
                "scm_ip_restriction_default_action": "Allow",
                "scm_minimum_tls_version": "1.2",
                "scm_type": "None",
                "scm_use_main_ip_restriction": false,
                "use_32_bit_worker": false,
                "vnet_route_all_enabled": false,
                "websockets_enabled": false,
                "worker_count": 1
              }
            ],
            "site_credential": [
              {
                "name": "$www-image-processor",
                "password": "SvnwmHENSZS58ktv1oT7pQEpzg9B1JbuELMtcLzqRe1ijJu73XjnvSconbPb"
              }
            ],
            "sticky_settings": [],
            "storage_account": [],
            "storage_account_access_key": "HN/QuUhxxrM247XTVm2+wqqZfzJqd8Nr96BSyK31yTorH2zvKx6L+28Vbn+ChpkktyoKbshLEA8G+AStiu8G3g==",
            "storage_account_name": "wwwfuncsao8bz",
            "storage_key_vault_secret_id": "",
            "storage_uses_managed_identity": false,
            "tags": {
              "Environment": "Production",
              "ManagedBy": "Terraform",
              "Purpose": "Image-Processor"
            },
            "timeouts": null,
            "virtual_network_backup_restore_enabled": false,
            "virtual_network_subnet_id": "",
            "vnet_image_pull_enabled": false,
            "webdeploy_publish_basic_authentication_enabled": true,
            "zip_deploy_file": ""
          },
          "sensitive_attributes": [
            [
              {
                "type": "get_attr",
                "value": "app_settings"
              },
              {
                "type": "index",
                "value": {
                  "value": "STORAGE_CONNECTION_STRING",
                  "type": "string"
                }
              }
            ],
            [
              {
                "type": "get_attr",
                "value": "custom_domain_verification_id"
              }
            ],
            [
              {
                "type": "get_attr",
                "value": "site_config"
              },
              {
                "type": "index",
                "value": {
                  "value": 0,
                  "type": "number"
                }
              },
              {
                "type": "get_attr",
                "value": "application_insights_connection_string"
              }
            ],
            [
              {
                "type": "get_attr",
                "value": "site_config"
              },
              {
                "type": "index",
                "value": {
                  "value": 0,
                  "type": "number"
                }
              },
              {
                "type": "get_attr",
                "value": "application_insights_key"
              }
            ],
            [
              {
                "type": "get_attr",
                "value": "site_credential"
              }
            ],
            [
              {
                "type": "get_attr",
                "value": "storage_account_access_key"
              }
            ]
          ],
          "identity_schema_version": 0,
          "identity": {
            "name": "www-image-processor",
            "resource_group_name": "04-t1-www-rg",
            "subscription_id": "99b79efe-ebd6-468c-b39f-5669acb259e1"
          },
          "private": "eyJlMmJmYjczMC1lY2FhLTExZTYtOGY4OC0zNDM2M2JjN2M0YzAiOnsiY3JlYXRlIjoxODAwMDAwMDAwMDAwLCJkZWxldGUiOjE4MDAwMDAwMDAwMDAsInJlYWQiOjMwMDAwMDAwMDAwMCwidXBkYXRlIjoxODAwMDAwMDAwMDAwfSwic2NoZW1hX3ZlcnNpb24iOiIxIn0=",
          "dependencies": [
            "azurerm_resource_group.rg",
            "module.network_central.azurerm_subnet.subnets",
            "module.network_central.azurerm_virtual_network.vnet",
            "module.serverless.azurerm_service_plan.function",
            "module.serverless.azurerm_storage_account.function",
            "module.serverless.random_string.suffix",
            "module.storage.azurerm_storage_account.www_sa",
            "module.storage.random_string.sa_suffix"
          ]
        }
      ]
    },
    {
      "module": "module.serverless",
      "mode": "managed",
      "type": "azurerm_service_plan",
      "name": "function",
      "provider": "provider[\"registry.terraform.io/hashicorp/azurerm\"]",
      "instances": [
        {
          "schema_version": 1,
          "attributes": {
            "app_service_environment_id": "",
            "id": "/subscriptions/99b79efe-ebd6-468c-b39f-5669acb259e1/resourceGroups/04-t1-www-rg/providers/Microsoft.Web/serverFarms/www-function-plan",
            "kind": "functionapp",
            "location": "koreacentral",
            "maximum_elastic_worker_count": 1,
            "name": "www-function-plan",
            "os_type": "Linux",
            "per_site_scaling_enabled": false,
            "premium_plan_auto_scale_enabled": false,
            "reserved": true,
            "resource_group_name": "04-t1-www-rg",
            "sku_name": "Y1",
            "tags": {},
            "timeouts": null,
            "worker_count": 0,
            "zone_balancing_enabled": false
          },
          "sensitive_attributes": [],
          "identity_schema_version": 0,
          "private": "eyJlMmJmYjczMC1lY2FhLTExZTYtOGY4OC0zNDM2M2JjN2M0YzAiOnsiY3JlYXRlIjozNjAwMDAwMDAwMDAwLCJkZWxldGUiOjM2MDAwMDAwMDAwMDAsInJlYWQiOjMwMDAwMDAwMDAwMCwidXBkYXRlIjozNjAwMDAwMDAwMDAwfSwic2NoZW1hX3ZlcnNpb24iOiIxIn0=",
          "dependencies": [
            "azurerm_resource_group.rg"
          ]
        }
      ]
    },
    {
      "module": "module.serverless",
      "mode": "managed",
      "type": "azurerm_servicebus_namespace",
      "name": "main",
      "provider": "provider[\"registry.terraform.io/hashicorp/azurerm\"]",
      "instances": [
        {
          "schema_version": 1,
          "attributes": {
            "capacity": 0,
            "customer_managed_key": [],
            "default_primary_connection_string": "Endpoint=sb://www-servicebus.servicebus.windows.net/;SharedAccessKeyName=RootManageSharedAccessKey;SharedAccessKey=oiWzRwGzNX68HfybMEKDO6lVa7ra6KBSk+ASbJG5hN4=",
            "default_primary_key": "oiWzRwGzNX68HfybMEKDO6lVa7ra6KBSk+ASbJG5hN4=",
            "default_secondary_connection_string": "Endpoint=sb://www-servicebus.servicebus.windows.net/;SharedAccessKeyName=RootManageSharedAccessKey;SharedAccessKey=O/rn2KiuxTAQZiscMoNWP5468BIpEsSQn+ASbE88Tyc=",
            "default_secondary_key": "O/rn2KiuxTAQZiscMoNWP5468BIpEsSQn+ASbE88Tyc=",
            "endpoint": "https://www-servicebus.servicebus.windows.net:443/",
            "id": "/subscriptions/99b79efe-ebd6-468c-b39f-5669acb259e1/resourceGroups/04-t1-www-rg/providers/Microsoft.ServiceBus/namespaces/www-servicebus",
            "identity": [],
            "local_auth_enabled": true,
            "location": "koreacentral",
            "minimum_tls_version": "1.2",
            "name": "www-servicebus",
            "network_rule_set": [
              {
                "default_action": "Allow",
                "ip_rules": [],
                "network_rules": [],
                "public_network_access_enabled": true,
                "trusted_services_allowed": false
              }
            ],
            "premium_messaging_partitions": 0,
            "public_network_access_enabled": true,
            "resource_group_name": "04-t1-www-rg",
            "sku": "Standard",
            "tags": {
              "Environment": "Production",
              "ManagedBy": "Terraform",
              "Purpose": "Message-Queue"
            },
            "timeouts": null
          },
          "sensitive_attributes": [
            [
              {
                "type": "get_attr",
                "value": "default_primary_connection_string"
              }
            ],
            [
              {
                "type": "get_attr",
                "value": "default_primary_key"
              }
            ],
            [
              {
                "type": "get_attr",
                "value": "default_secondary_connection_string"
              }
            ],
            [
              {
                "type": "get_attr",
                "value": "default_secondary_key"
              }
            ]
          ],
          "identity_schema_version": 0,
          "private": "eyJlMmJmYjczMC1lY2FhLTExZTYtOGY4OC0zNDM2M2JjN2M0YzAiOnsiY3JlYXRlIjoxODAwMDAwMDAwMDAwLCJkZWxldGUiOjE4MDAwMDAwMDAwMDAsInJlYWQiOjMwMDAwMDAwMDAwMCwidXBkYXRlIjoxODAwMDAwMDAwMDAwfSwic2NoZW1hX3ZlcnNpb24iOiIxIn0=",
          "dependencies": [
            "azurerm_resource_group.rg"
          ]
        }
      ]
    },
    {
      "module": "module.serverless",
      "mode": "managed",
      "type": "azurerm_servicebus_queue",
      "name": "email",
      "provider": "provider[\"registry.terraform.io/hashicorp/azurerm\"]",
      "instances": [
        {
          "schema_version": 0,
          "attributes": {
            "auto_delete_on_idle": "P10675199DT2H48M5.4775807S",
            "batched_operations_enabled": true,
            "dead_lettering_on_message_expiration": false,
            "default_message_ttl": "P10675199DT2H48M5.4775807S",
            "duplicate_detection_history_time_window": "PT10M",
            "express_enabled": false,
            "forward_dead_lettered_messages_to": "",
            "forward_to": "",
            "id": "/subscriptions/99b79efe-ebd6-468c-b39f-5669acb259e1/resourceGroups/04-t1-www-rg/providers/Microsoft.ServiceBus/namespaces/www-servicebus/queues/email-queue",
            "lock_duration": "PT1M",
            "max_delivery_count": 10,
            "max_message_size_in_kilobytes": 256,
            "max_size_in_megabytes": 1024,
            "name": "email-queue",
            "namespace_id": "/subscriptions/99b79efe-ebd6-468c-b39f-5669acb259e1/resourceGroups/04-t1-www-rg/providers/Microsoft.ServiceBus/namespaces/www-servicebus",
            "partitioning_enabled": false,
            "requires_duplicate_detection": false,
            "requires_session": false,
            "status": "Active",
            "timeouts": null
          },
          "sensitive_attributes": [],
          "identity_schema_version": 0,
          "private": "eyJlMmJmYjczMC1lY2FhLTExZTYtOGY4OC0zNDM2M2JjN2M0YzAiOnsiY3JlYXRlIjoxODAwMDAwMDAwMDAwLCJkZWxldGUiOjE4MDAwMDAwMDAwMDAsInJlYWQiOjMwMDAwMDAwMDAwMCwidXBkYXRlIjoxODAwMDAwMDAwMDAwfX0=",
          "dependencies": [
            "azurerm_resource_group.rg",
            "module.serverless.azurerm_servicebus_namespace.main"
          ]
        }
      ]
    },
    {
      "module": "module.serverless",
      "mode": "managed",
      "type": "azurerm_servicebus_queue",
      "name": "image_processing",
      "provider": "provider[\"registry.terraform.io/hashicorp/azurerm\"]",
      "instances": [
        {
          "schema_version": 0,
          "attributes": {
            "auto_delete_on_idle": "P10675199DT2H48M5.4775807S",
            "batched_operations_enabled": true,
            "dead_lettering_on_message_expiration": true,
            "default_message_ttl": "P10675199DT2H48M5.4775807S",
            "duplicate_detection_history_time_window": "PT10M",
            "express_enabled": false,
            "forward_dead_lettered_messages_to": "",
            "forward_to": "",
            "id": "/subscriptions/99b79efe-ebd6-468c-b39f-5669acb259e1/resourceGroups/04-t1-www-rg/providers/Microsoft.ServiceBus/namespaces/www-servicebus/queues/image-processing-queue",
            "lock_duration": "PT1M",
            "max_delivery_count": 10,
            "max_message_size_in_kilobytes": 256,
            "max_size_in_megabytes": 5120,
            "name": "image-processing-queue",
            "namespace_id": "/subscriptions/99b79efe-ebd6-468c-b39f-5669acb259e1/resourceGroups/04-t1-www-rg/providers/Microsoft.ServiceBus/namespaces/www-servicebus",
            "partitioning_enabled": false,
            "requires_duplicate_detection": false,
            "requires_session": false,
            "status": "Active",
            "timeouts": null
          },
          "sensitive_attributes": [],
          "identity_schema_version": 0,
          "private": "eyJlMmJmYjczMC1lY2FhLTExZTYtOGY4OC0zNDM2M2JjN2M0YzAiOnsiY3JlYXRlIjoxODAwMDAwMDAwMDAwLCJkZWxldGUiOjE4MDAwMDAwMDAwMDAsInJlYWQiOjMwMDAwMDAwMDAwMCwidXBkYXRlIjoxODAwMDAwMDAwMDAwfX0=",
          "dependencies": [
            "azurerm_resource_group.rg",
            "module.serverless.azurerm_servicebus_namespace.main"
          ]
        }
      ]
    },
    {
      "module": "module.serverless",
      "mode": "managed",
      "type": "azurerm_servicebus_subscription",
      "name": "email_notifications",
      "provider": "provider[\"registry.terraform.io/hashicorp/azurerm\"]",
      "instances": [
        {
          "schema_version": 1,
          "attributes": {
            "auto_delete_on_idle": "P10675199DT2H48M5.4775807S",
            "batched_operations_enabled": false,
            "client_scoped_subscription": [],
            "client_scoped_subscription_enabled": false,
            "dead_lettering_on_filter_evaluation_error": true,
            "dead_lettering_on_message_expiration": false,
            "default_message_ttl": "P10675199DT2H48M5.4775807S",
            "forward_dead_lettered_messages_to": "",
            "forward_to": "",
            "id": "/subscriptions/99b79efe-ebd6-468c-b39f-5669acb259e1/resourceGroups/04-t1-www-rg/providers/Microsoft.ServiceBus/namespaces/www-servicebus/topics/notifications-topic/subscriptions/email-notifications",
            "lock_duration": "PT1M",
            "max_delivery_count": 10,
            "name": "email-notifications",
            "requires_session": false,
            "status": "Active",
            "timeouts": null,
            "topic_id": "/subscriptions/99b79efe-ebd6-468c-b39f-5669acb259e1/resourceGroups/04-t1-www-rg/providers/Microsoft.ServiceBus/namespaces/www-servicebus/topics/notifications-topic"
          },
          "sensitive_attributes": [],
          "identity_schema_version": 0,
          "private": "eyJlMmJmYjczMC1lY2FhLTExZTYtOGY4OC0zNDM2M2JjN2M0YzAiOnsiY3JlYXRlIjoxODAwMDAwMDAwMDAwLCJkZWxldGUiOjE4MDAwMDAwMDAwMDAsInJlYWQiOjMwMDAwMDAwMDAwMCwidXBkYXRlIjoxODAwMDAwMDAwMDAwfSwic2NoZW1hX3ZlcnNpb24iOiIxIn0=",
          "dependencies": [
            "azurerm_resource_group.rg",
            "module.serverless.azurerm_servicebus_namespace.main",
            "module.serverless.azurerm_servicebus_topic.notifications"
          ]
        }
      ]
    },
    {
      "module": "module.serverless",
      "mode": "managed",
      "type": "azurerm_servicebus_topic",
      "name": "notifications",
      "provider": "provider[\"registry.terraform.io/hashicorp/azurerm\"]",
      "instances": [
        {
          "schema_version": 0,
          "attributes": {
            "auto_delete_on_idle": "P10675199DT2H48M5.4775807S",
            "batched_operations_enabled": false,
            "default_message_ttl": "P10675199DT2H48M5.4775807S",
            "duplicate_detection_history_time_window": "PT10M",
            "express_enabled": false,
            "id": "/subscriptions/99b79efe-ebd6-468c-b39f-5669acb259e1/resourceGroups/04-t1-www-rg/providers/Microsoft.ServiceBus/namespaces/www-servicebus/topics/notifications-topic",
            "max_message_size_in_kilobytes": 256,
            "max_size_in_megabytes": 5120,
            "name": "notifications-topic",
            "namespace_id": "/subscriptions/99b79efe-ebd6-468c-b39f-5669acb259e1/resourceGroups/04-t1-www-rg/providers/Microsoft.ServiceBus/namespaces/www-servicebus",
            "partitioning_enabled": false,
            "requires_duplicate_detection": false,
            "status": "Active",
            "support_ordering": false,
            "timeouts": null
          },
          "sensitive_attributes": [],
          "identity_schema_version": 0,
          "private": "eyJlMmJmYjczMC1lY2FhLTExZTYtOGY4OC0zNDM2M2JjN2M0YzAiOnsiY3JlYXRlIjoxODAwMDAwMDAwMDAwLCJkZWxldGUiOjE4MDAwMDAwMDAwMDAsInJlYWQiOjMwMDAwMDAwMDAwMCwidXBkYXRlIjoxODAwMDAwMDAwMDAwfX0=",
          "dependencies": [
            "azurerm_resource_group.rg",
            "module.serverless.azurerm_servicebus_namespace.main"
          ]
        }
      ]
    },
    {
      "module": "module.serverless",
      "mode": "managed",
      "type": "azurerm_storage_account",
      "name": "function",
      "provider": "provider[\"registry.terraform.io/hashicorp/azurerm\"]",
      "instances": [
        {
          "schema_version": 4,
          "attributes": {
            "access_tier": "Hot",
            "account_kind": "StorageV2",
            "account_replication_type": "ZRS",
            "account_tier": "Standard",
            "allow_nested_items_to_be_public": true,
            "allowed_copy_scope": "",
            "azure_files_authentication": [],
            "blob_properties": [
              {
                "change_feed_enabled": false,
                "change_feed_retention_in_days": 0,
                "container_delete_retention_policy": [],
                "cors_rule": [],
                "default_service_version": "",
                "delete_retention_policy": [],
                "last_access_time_enabled": false,
                "restore_policy": [],
                "versioning_enabled": false
              }
            ],
            "cross_tenant_replication_enabled": false,
            "custom_domain": [],
            "customer_managed_key": [],
            "default_to_oauth_authentication": false,
            "dns_endpoint_type": "Standard",
            "edge_zone": "",
            "https_traffic_only_enabled": true,
            "id": "/subscriptions/99b79efe-ebd6-468c-b39f-5669acb259e1/resourceGroups/04-t1-www-rg/providers/Microsoft.Storage/storageAccounts/wwwfuncsao8bz",
            "identity": [],
            "immutability_policy": [],
            "infrastructure_encryption_enabled": false,
            "is_hns_enabled": false,
            "large_file_share_enabled": false,
            "local_user_enabled": true,
            "location": "koreacentral",
            "min_tls_version": "TLS1_2",
            "name": "wwwfuncsao8bz",
            "network_rules": [],
            "nfsv3_enabled": false,
            "primary_access_key": "HN/QuUhxxrM247XTVm2+wqqZfzJqd8Nr96BSyK31yTorH2zvKx6L+28Vbn+ChpkktyoKbshLEA8G+AStiu8G3g==",
            "primary_blob_connection_string": "DefaultEndpointsProtocol=https;BlobEndpoint=https://wwwfuncsao8bz.blob.core.windows.net/;AccountName=wwwfuncsao8bz;AccountKey=HN/QuUhxxrM247XTVm2+wqqZfzJqd8Nr96BSyK31yTorH2zvKx6L+28Vbn+ChpkktyoKbshLEA8G+AStiu8G3g==",
            "primary_blob_endpoint": "https://wwwfuncsao8bz.blob.core.windows.net/",
            "primary_blob_host": "wwwfuncsao8bz.blob.core.windows.net",
            "primary_blob_internet_endpoint": "",
            "primary_blob_internet_host": "",
            "primary_blob_microsoft_endpoint": "",
            "primary_blob_microsoft_host": "",
            "primary_connection_string": "DefaultEndpointsProtocol=https;AccountName=wwwfuncsao8bz;AccountKey=HN/QuUhxxrM247XTVm2+wqqZfzJqd8Nr96BSyK31yTorH2zvKx6L+28Vbn+ChpkktyoKbshLEA8G+AStiu8G3g==;EndpointSuffix=core.windows.net",
            "primary_dfs_endpoint": "https://wwwfuncsao8bz.dfs.core.windows.net/",
            "primary_dfs_host": "wwwfuncsao8bz.dfs.core.windows.net",
            "primary_dfs_internet_endpoint": "",
            "primary_dfs_internet_host": "",
            "primary_dfs_microsoft_endpoint": "",
            "primary_dfs_microsoft_host": "",
            "primary_file_endpoint": "https://wwwfuncsao8bz.file.core.windows.net/",
            "primary_file_host": "wwwfuncsao8bz.file.core.windows.net",
            "primary_file_internet_endpoint": "",
            "primary_file_internet_host": "",
            "primary_file_microsoft_endpoint": "",
            "primary_file_microsoft_host": "",
            "primary_location": "koreacentral",
            "primary_queue_endpoint": "https://wwwfuncsao8bz.queue.core.windows.net/",
            "primary_queue_host": "wwwfuncsao8bz.queue.core.windows.net",
            "primary_queue_microsoft_endpoint": "",
            "primary_queue_microsoft_host": "",
            "primary_table_endpoint": "https://wwwfuncsao8bz.table.core.windows.net/",
            "primary_table_host": "wwwfuncsao8bz.table.core.windows.net",
            "primary_table_microsoft_endpoint": "",
            "primary_table_microsoft_host": "",
            "primary_web_endpoint": "https://wwwfuncsao8bz.z12.web.core.windows.net/",
            "primary_web_host": "wwwfuncsao8bz.z12.web.core.windows.net",
            "primary_web_internet_endpoint": "",
            "primary_web_internet_host": "",
            "primary_web_microsoft_endpoint": "",
            "primary_web_microsoft_host": "",
            "provisioned_billing_model_version": "",
            "public_network_access_enabled": true,
            "queue_encryption_key_type": "Service",
            "queue_properties": [
              {
                "cors_rule": [],
                "hour_metrics": [
                  {
                    "enabled": false,
                    "include_apis": false,
                    "retention_policy_days": 0,
                    "version": "1.0"
                  }
                ],
                "logging": [
                  {
                    "delete": false,
                    "read": false,
                    "retention_policy_days": 0,
                    "version": "1.0",
                    "write": false
                  }
                ],
                "minute_metrics": [
                  {
                    "enabled": false,
                    "include_apis": false,
                    "retention_policy_days": 0,
                    "version": "1.0"
                  }
                ]
              }
            ],
            "resource_group_name": "04-t1-www-rg",
            "routing": [],
            "sas_policy": [],
            "secondary_access_key": "5Ot+FqEUIoxxRnFzTsNH7tWcteHQPE8YYdxlZ/tE7Nm96Ety8z/VuK0XYhGmOx4gpt8/CNrhpS1L+ASt9YepCQ==",
            "secondary_blob_connection_string": "",
            "secondary_blob_endpoint": "",
            "secondary_blob_host": "",
            "secondary_blob_internet_endpoint": "",
            "secondary_blob_internet_host": "",
            "secondary_blob_microsoft_endpoint": "",
            "secondary_blob_microsoft_host": "",
            "secondary_connection_string": "DefaultEndpointsProtocol=https;AccountName=wwwfuncsao8bz;AccountKey=5Ot+FqEUIoxxRnFzTsNH7tWcteHQPE8YYdxlZ/tE7Nm96Ety8z/VuK0XYhGmOx4gpt8/CNrhpS1L+ASt9YepCQ==;EndpointSuffix=core.windows.net",
            "secondary_dfs_endpoint": "",
            "secondary_dfs_host": "",
            "secondary_dfs_internet_endpoint": "",
            "secondary_dfs_internet_host": "",
            "secondary_dfs_microsoft_endpoint": "",
            "secondary_dfs_microsoft_host": "",
            "secondary_file_endpoint": "",
            "secondary_file_host": "",
            "secondary_file_internet_endpoint": "",
            "secondary_file_internet_host": "",
            "secondary_file_microsoft_endpoint": "",
            "secondary_file_microsoft_host": "",
            "secondary_location": "",
            "secondary_queue_endpoint": "",
            "secondary_queue_host": "",
            "secondary_queue_microsoft_endpoint": "",
            "secondary_queue_microsoft_host": "",
            "secondary_table_endpoint": "",
            "secondary_table_host": "",
            "secondary_table_microsoft_endpoint": "",
            "secondary_table_microsoft_host": "",
            "secondary_web_endpoint": "",
            "secondary_web_host": "",
            "secondary_web_internet_endpoint": "",
            "secondary_web_internet_host": "",
            "secondary_web_microsoft_endpoint": "",
            "secondary_web_microsoft_host": "",
            "sftp_enabled": false,
            "share_properties": [
              {
                "cors_rule": [],
                "retention_policy": [
                  {
                    "days": 7
                  }
                ],
                "smb": []
              }
            ],
            "shared_access_key_enabled": true,
            "static_website": [],
            "table_encryption_key_type": "Service",
            "tags": {
              "Environment": "Production",
              "ManagedBy": "Terraform",
              "Purpose": "Function-Storage"
            },
            "timeouts": null
          },
          "sensitive_attributes": [
            [
              {
                "type": "get_attr",
                "value": "primary_access_key"
              }
            ],
            [
              {
                "type": "get_attr",
                "value": "primary_blob_connection_string"
              }
            ],
            [
              {
                "type": "get_attr",
                "value": "primary_connection_string"
              }
            ],
            [
              {
                "type": "get_attr",
                "value": "secondary_access_key"
              }
            ],
            [
              {
                "type": "get_attr",
                "value": "secondary_blob_connection_string"
              }
            ],
            [
              {
                "type": "get_attr",
                "value": "secondary_connection_string"
              }
            ]
          ],
          "identity_schema_version": 0,
          "identity": {
            "name": "wwwfuncsao8bz",
            "resource_group_name": "04-t1-www-rg",
            "subscription_id": "99b79efe-ebd6-468c-b39f-5669acb259e1"
          },
          "private": "eyJlMmJmYjczMC1lY2FhLTExZTYtOGY4OC0zNDM2M2JjN2M0YzAiOnsiY3JlYXRlIjozNjAwMDAwMDAwMDAwLCJkZWxldGUiOjM2MDAwMDAwMDAwMDAsInJlYWQiOjMwMDAwMDAwMDAwMCwidXBkYXRlIjozNjAwMDAwMDAwMDAwfSwic2NoZW1hX3ZlcnNpb24iOiI0In0=",
          "dependencies": [
            "azurerm_resource_group.rg",
            "module.serverless.random_string.suffix"
          ]
        }
      ]
    },
    {
      "module": "module.serverless",
      "mode": "managed",
      "type": "random_string",
      "name": "suffix",
      "provider": "provider[\"registry.terraform.io/hashicorp/random\"]",
      "instances": [
        {
          "schema_version": 2,
          "attributes": {
            "id": "o8bz",
            "keepers": null,
            "length": 4,
            "lower": true,
            "min_lower": 0,
            "min_numeric": 0,
            "min_special": 0,
            "min_upper": 0,
            "number": true,
            "numeric": true,
            "override_special": null,
            "result": "o8bz",
            "special": false,
            "upper": false
          },
          "sensitive_attributes": [],
          "identity_schema_version": 0
        }
      ]
    },
    {
      "module": "module.storage",
      "mode": "managed",
      "type": "azurerm_monitor_diagnostic_setting",
      "name": "blob_diag",
      "provider": "provider[\"registry.terraform.io/hashicorp/azurerm\"]",
      "instances": [
        {
          "schema_version": 0,
          "attributes": {
            "enabled_log": [
              {
                "category": "StorageDelete",
                "category_group": "",
                "retention_policy": [
                  {
                    "days": 0,
                    "enabled": false
                  }
                ]
              },
              {
                "category": "StorageRead",
                "category_group": "",
                "retention_policy": [
                  {
                    "days": 0,
                    "enabled": false
                  }
                ]
              },
              {
                "category": "StorageWrite",
                "category_group": "",
                "retention_policy": [
                  {
                    "days": 0,
                    "enabled": false
                  }
                ]
              }
            ],
            "enabled_metric": [
              {
                "category": "Transaction"
              }
            ],
            "eventhub_authorization_rule_id": "",
            "eventhub_name": "",
            "id": "/subscriptions/99b79efe-ebd6-468c-b39f-5669acb259e1/resourceGroups/04-t1-www-rg/providers/Microsoft.Storage/storageAccounts/wwwstoragetre0/blobServices/default|blob-diag",
            "log_analytics_destination_type": "",
            "log_analytics_workspace_id": "/subscriptions/99b79efe-ebd6-468c-b39f-5669acb259e1/resourceGroups/04-t1-www-rg/providers/Microsoft.OperationalInsights/workspaces/www-law",
            "metric": [
              {
                "category": "Capacity",
                "enabled": false,
                "retention_policy": [
                  {
                    "days": 0,
                    "enabled": false
                  }
                ]
              },
              {
                "category": "Transaction",
                "enabled": true,
                "retention_policy": [
                  {
                    "days": 0,
                    "enabled": false
                  }
                ]
              }
            ],
            "name": "blob-diag",
            "partner_solution_id": null,
            "storage_account_id": null,
            "target_resource_id": "/subscriptions/99b79efe-ebd6-468c-b39f-5669acb259e1/resourceGroups/04-t1-www-rg/providers/Microsoft.Storage/storageAccounts/wwwstoragetre0/blobServices/default",
            "timeouts": null
          },
          "sensitive_attributes": [],
          "identity_schema_version": 0,
          "private": "eyJlMmJmYjczMC1lY2FhLTExZTYtOGY4OC0zNDM2M2JjN2M0YzAiOnsiY3JlYXRlIjoxODAwMDAwMDAwMDAwLCJkZWxldGUiOjM2MDAwMDAwMDAwMDAsInJlYWQiOjMwMDAwMDAwMDAwMCwidXBkYXRlIjoxODAwMDAwMDAwMDAwfX0=",
          "dependencies": [
            "azurerm_resource_group.rg",
            "module.network_central.azurerm_subnet.subnets",
            "module.network_central.azurerm_virtual_network.vnet",
            "module.security.azurerm_log_analytics_workspace.law",
            "module.storage.azurerm_storage_account.www_sa",
            "module.storage.random_string.sa_suffix"
          ]
        }
      ]
    },
    {
      "module": "module.storage",
      "mode": "managed",
      "type": "azurerm_monitor_diagnostic_setting",
      "name": "storage_account_diag",
      "provider": "provider[\"registry.terraform.io/hashicorp/azurerm\"]",
      "instances": [
        {
          "schema_version": 0,
          "attributes": {
            "enabled_log": [],
            "enabled_metric": [
              {
                "category": "Transaction"
              }
            ],
            "eventhub_authorization_rule_id": "",
            "eventhub_name": "",
            "id": "/subscriptions/99b79efe-ebd6-468c-b39f-5669acb259e1/resourceGroups/04-t1-www-rg/providers/Microsoft.Storage/storageAccounts/wwwstoragetre0|storage-account-diag",
            "log_analytics_destination_type": "",
            "log_analytics_workspace_id": "/subscriptions/99b79efe-ebd6-468c-b39f-5669acb259e1/resourceGroups/04-t1-www-rg/providers/Microsoft.OperationalInsights/workspaces/www-law",
            "metric": [
              {
                "category": "Capacity",
                "enabled": false,
                "retention_policy": [
                  {
                    "days": 0,
                    "enabled": false
                  }
                ]
              },
              {
                "category": "Transaction",
                "enabled": true,
                "retention_policy": [
                  {
                    "days": 0,
                    "enabled": false
                  }
                ]
              }
            ],
            "name": "storage-account-diag",
            "partner_solution_id": null,
            "storage_account_id": null,
            "target_resource_id": "/subscriptions/99b79efe-ebd6-468c-b39f-5669acb259e1/resourceGroups/04-t1-www-rg/providers/Microsoft.Storage/storageAccounts/wwwstoragetre0",
            "timeouts": null
          },
          "sensitive_attributes": [],
          "identity_schema_version": 0,
          "private": "eyJlMmJmYjczMC1lY2FhLTExZTYtOGY4OC0zNDM2M2JjN2M0YzAiOnsiY3JlYXRlIjoxODAwMDAwMDAwMDAwLCJkZWxldGUiOjM2MDAwMDAwMDAwMDAsInJlYWQiOjMwMDAwMDAwMDAwMCwidXBkYXRlIjoxODAwMDAwMDAwMDAwfX0=",
          "dependencies": [
            "azurerm_resource_group.rg",
            "module.network_central.azurerm_subnet.subnets",
            "module.network_central.azurerm_virtual_network.vnet",
            "module.security.azurerm_log_analytics_workspace.law",
            "module.storage.azurerm_storage_account.www_sa",
            "module.storage.random_string.sa_suffix"
          ]
        }
      ]
    },
    {
      "module": "module.storage",
      "mode": "managed",
      "type": "azurerm_private_dns_zone",
      "name": "storage_dns_zone",
      "provider": "provider[\"registry.terraform.io/hashicorp/azurerm\"]",
      "instances": [
        {
          "schema_version": 0,
          "attributes": {
            "id": "/subscriptions/99b79efe-ebd6-468c-b39f-5669acb259e1/resourceGroups/04-t1-www-rg/providers/Microsoft.Network/privateDnsZones/privatelink.blob.core.windows.net",
            "max_number_of_record_sets": 25000,
            "max_number_of_virtual_network_links": 1000,
            "max_number_of_virtual_network_links_with_registration": 100,
            "name": "privatelink.blob.core.windows.net",
            "number_of_record_sets": 2,
            "resource_group_name": "04-t1-www-rg",
            "soa_record": [
              {
                "email": "azureprivatedns-host.microsoft.com",
                "expire_time": 2419200,
                "fqdn": "privatelink.blob.core.windows.net.",
                "host_name": "azureprivatedns.net",
                "minimum_ttl": 10,
                "refresh_time": 3600,
                "retry_time": 300,
                "serial_number": 1,
                "tags": {},
                "ttl": 3600
              }
            ],
            "tags": {},
            "timeouts": null
          },
          "sensitive_attributes": [],
          "identity_schema_version": 0,
          "identity": {
            "name": "privatelink.blob.core.windows.net",
            "resource_group_name": "04-t1-www-rg",
            "subscription_id": "99b79efe-ebd6-468c-b39f-5669acb259e1"
          },
          "private": "eyJlMmJmYjczMC1lY2FhLTExZTYtOGY4OC0zNDM2M2JjN2M0YzAiOnsiY3JlYXRlIjoxODAwMDAwMDAwMDAwLCJkZWxldGUiOjE4MDAwMDAwMDAwMDAsInJlYWQiOjMwMDAwMDAwMDAwMCwidXBkYXRlIjoxODAwMDAwMDAwMDAwfX0=",
          "dependencies": [
            "azurerm_resource_group.rg"
          ]
        }
      ]
    },
    {
      "module": "module.storage",
      "mode": "managed",
      "type": "azurerm_private_dns_zone_virtual_network_link",
      "name": "storage_dns_link",
      "provider": "provider[\"registry.terraform.io/hashicorp/azurerm\"]",
      "instances": [
        {
          "schema_version": 0,
          "attributes": {
            "id": "/subscriptions/99b79efe-ebd6-468c-b39f-5669acb259e1/resourceGroups/04-t1-www-rg/providers/Microsoft.Network/privateDnsZones/privatelink.blob.core.windows.net/virtualNetworkLinks/www-storage-dns-link",
            "name": "www-storage-dns-link",
            "private_dns_zone_name": "privatelink.blob.core.windows.net",
            "registration_enabled": false,
            "resolution_policy": "Default",
            "resource_group_name": "04-t1-www-rg",
            "tags": {},
            "timeouts": null,
            "virtual_network_id": "/subscriptions/99b79efe-ebd6-468c-b39f-5669acb259e1/resourceGroups/04-t1-www-rg/providers/Microsoft.Network/virtualNetworks/vnet0"
          },
          "sensitive_attributes": [],
          "identity_schema_version": 0,
          "identity": {
            "name": "www-storage-dns-link",
            "private_dns_zone_name": "privatelink.blob.core.windows.net",
            "resource_group_name": "04-t1-www-rg",
            "subscription_id": "99b79efe-ebd6-468c-b39f-5669acb259e1"
          },
          "private": "eyJlMmJmYjczMC1lY2FhLTExZTYtOGY4OC0zNDM2M2JjN2M0YzAiOnsiY3JlYXRlIjoxODAwMDAwMDAwMDAwLCJkZWxldGUiOjE4MDAwMDAwMDAwMDAsInJlYWQiOjMwMDAwMDAwMDAwMCwidXBkYXRlIjoxODAwMDAwMDAwMDAwfX0=",
          "dependencies": [
            "azurerm_resource_group.rg",
            "module.network_central.azurerm_virtual_network.vnet",
            "module.storage.azurerm_private_dns_zone.storage_dns_zone"
          ]
        }
      ]
    },
    {
      "module": "module.storage",
      "mode": "managed",
      "type": "azurerm_private_endpoint",
      "name": "storage_pe",
      "provider": "provider[\"registry.terraform.io/hashicorp/azurerm\"]",
      "instances": [
        {
          "schema_version": 0,
          "attributes": {
            "custom_dns_configs": [],
            "custom_network_interface_name": "www-storage-pe-nic",
            "id": "/subscriptions/99b79efe-ebd6-468c-b39f-5669acb259e1/resourceGroups/04-t1-www-rg/providers/Microsoft.Network/privateEndpoints/www-storage-endpoint",
            "ip_configuration": [],
            "location": "koreacentral",
            "name": "www-storage-endpoint",
            "network_interface": [
              {
                "id": "/subscriptions/99b79efe-ebd6-468c-b39f-5669acb259e1/resourceGroups/04-t1-www-rg/providers/Microsoft.Network/networkInterfaces/www-storage-pe-nic",
                "name": "www-storage-pe-nic"
              }
            ],
            "private_dns_zone_configs": [
              {
                "id": "/subscriptions/99b79efe-ebd6-468c-b39f-5669acb259e1/resourceGroups/04-t1-www-rg/providers/Microsoft.Network/privateEndpoints/www-storage-endpoint/privateDnsZoneGroups/default/privateDnsZoneConfigs/privatelink.blob.core.windows.net",
                "name": "privatelink.blob.core.windows.net",
                "private_dns_zone_id": "/subscriptions/99b79efe-ebd6-468c-b39f-5669acb259e1/resourceGroups/04-t1-www-rg/providers/Microsoft.Network/privateDnsZones/privatelink.blob.core.windows.net",
                "record_sets": [
                  {
                    "fqdn": "wwwstoragetre0.privatelink.blob.core.windows.net",
                    "ip_addresses": [
                      "172.16.2.4"
                    ],
                    "name": "wwwstoragetre0",
                    "ttl": 10,
                    "type": "A"
                  }
                ]
              }
            ],
            "private_dns_zone_group": [
              {
                "id": "/subscriptions/99b79efe-ebd6-468c-b39f-5669acb259e1/resourceGroups/04-t1-www-rg/providers/Microsoft.Network/privateEndpoints/www-storage-endpoint/privateDnsZoneGroups/default",
                "name": "default",
                "private_dns_zone_ids": [
                  "/subscriptions/99b79efe-ebd6-468c-b39f-5669acb259e1/resourceGroups/04-t1-www-rg/providers/Microsoft.Network/privateDnsZones/privatelink.blob.core.windows.net"
                ]
              }
            ],
            "private_service_connection": [
              {
                "is_manual_connection": false,
                "name": "www-storage-privatelink",
                "private_connection_resource_alias": "",
                "private_connection_resource_id": "/subscriptions/99b79efe-ebd6-468c-b39f-5669acb259e1/resourceGroups/04-t1-www-rg/providers/Microsoft.Storage/storageAccounts/wwwstoragetre0",
                "private_ip_address": "172.16.2.4",
                "request_message": "",
                "subresource_names": [
                  "blob"
                ]
              }
            ],
            "resource_group_name": "04-t1-www-rg",
            "subnet_id": "/subscriptions/99b79efe-ebd6-468c-b39f-5669acb259e1/resourceGroups/04-t1-www-rg/providers/Microsoft.Network/virtualNetworks/vnet0/subnets/www-stor",
            "tags": {},
            "timeouts": null
          },
          "sensitive_attributes": [],
          "identity_schema_version": 0,
          "identity": {
            "name": "www-storage-endpoint",
            "resource_group_name": "04-t1-www-rg",
            "subscription_id": "99b79efe-ebd6-468c-b39f-5669acb259e1"
          },
          "private": "eyJlMmJmYjczMC1lY2FhLTExZTYtOGY4OC0zNDM2M2JjN2M0YzAiOnsiY3JlYXRlIjozNjAwMDAwMDAwMDAwLCJkZWxldGUiOjM2MDAwMDAwMDAwMDAsInJlYWQiOjMwMDAwMDAwMDAwMCwidXBkYXRlIjozNjAwMDAwMDAwMDAwfX0=",
          "dependencies": [
            "azurerm_resource_group.rg",
            "module.network_central.azurerm_subnet.subnets",
            "module.network_central.azurerm_virtual_network.vnet",
            "module.storage.azurerm_private_dns_zone.storage_dns_zone",
            "module.storage.azurerm_storage_account.www_sa",
            "module.storage.random_string.sa_suffix"
          ]
        }
      ]
    },
    {
      "module": "module.storage",
      "mode": "managed",
      "type": "azurerm_storage_account",
      "name": "premium_sa",
      "provider": "provider[\"registry.terraform.io/hashicorp/azurerm\"]",
      "instances": [
        {
          "schema_version": 4,
          "attributes": {
            "access_tier": "",
            "account_kind": "BlockBlobStorage",
            "account_replication_type": "LRS",
            "account_tier": "Premium",
            "allow_nested_items_to_be_public": false,
            "allowed_copy_scope": "",
            "azure_files_authentication": [],
            "blob_properties": [
              {
                "change_feed_enabled": false,
                "change_feed_retention_in_days": 0,
                "container_delete_retention_policy": [],
                "cors_rule": [],
                "default_service_version": "",
                "delete_retention_policy": [],
                "last_access_time_enabled": false,
                "restore_policy": [],
                "versioning_enabled": false
              }
            ],
            "cross_tenant_replication_enabled": false,
            "custom_domain": [],
            "customer_managed_key": [],
            "default_to_oauth_authentication": false,
            "dns_endpoint_type": "Standard",
            "edge_zone": "",
            "https_traffic_only_enabled": true,
            "id": "/subscriptions/99b79efe-ebd6-468c-b39f-5669acb259e1/resourceGroups/04-t1-www-rg/providers/Microsoft.Storage/storageAccounts/wwwpremiumsapcdkpi",
            "identity": [],
            "immutability_policy": [],
            "infrastructure_encryption_enabled": true,
            "is_hns_enabled": false,
            "large_file_share_enabled": false,
            "local_user_enabled": true,
            "location": "koreacentral",
            "min_tls_version": "TLS1_2",
            "name": "wwwpremiumsapcdkpi",
            "network_rules": [
              {
                "bypass": [
                  "AzureServices",
                  "Logging",
                  "Metrics"
                ],
                "default_action": "Deny",
                "ip_rules": [
                  "211.227.107.208",
                  "211.252.127.132",
                  "61.108.60.26"
                ],
                "private_link_access": [],
                "virtual_network_subnet_ids": [
                  "/subscriptions/99b79efe-ebd6-468c-b39f-5669acb259e1/resourceGroups/04-t1-www-rg/providers/Microsoft.Network/virtualNetworks/vnet0/subnets/www-stor"
                ]
              }
            ],
            "nfsv3_enabled": false,
            "primary_access_key": "+KrDBzhqs6+DCoYkDZISH8A6JwV3xZ+SE3JnK24vsvaGFccFa5cbMmOrXHDTmViw6Nu2oeLjIMbS+AStshzq4g==",
            "primary_blob_connection_string": "DefaultEndpointsProtocol=https;BlobEndpoint=https://wwwpremiumsapcdkpi.blob.core.windows.net/;AccountName=wwwpremiumsapcdkpi;AccountKey=+KrDBzhqs6+DCoYkDZISH8A6JwV3xZ+SE3JnK24vsvaGFccFa5cbMmOrXHDTmViw6Nu2oeLjIMbS+AStshzq4g==",
            "primary_blob_endpoint": "https://wwwpremiumsapcdkpi.blob.core.windows.net/",
            "primary_blob_host": "wwwpremiumsapcdkpi.blob.core.windows.net",
            "primary_blob_internet_endpoint": "",
            "primary_blob_internet_host": "",
            "primary_blob_microsoft_endpoint": "",
            "primary_blob_microsoft_host": "",
            "primary_connection_string": "DefaultEndpointsProtocol=https;AccountName=wwwpremiumsapcdkpi;AccountKey=+KrDBzhqs6+DCoYkDZISH8A6JwV3xZ+SE3JnK24vsvaGFccFa5cbMmOrXHDTmViw6Nu2oeLjIMbS+AStshzq4g==;EndpointSuffix=core.windows.net",
            "primary_dfs_endpoint": "https://wwwpremiumsapcdkpi.dfs.core.windows.net/",
            "primary_dfs_host": "wwwpremiumsapcdkpi.dfs.core.windows.net",
            "primary_dfs_internet_endpoint": "",
            "primary_dfs_internet_host": "",
            "primary_dfs_microsoft_endpoint": "",
            "primary_dfs_microsoft_host": "",
            "primary_file_endpoint": "",
            "primary_file_host": "",
            "primary_file_internet_endpoint": "",
            "primary_file_internet_host": "",
            "primary_file_microsoft_endpoint": "",
            "primary_file_microsoft_host": "",
            "primary_location": "koreacentral",
            "primary_queue_endpoint": "",
            "primary_queue_host": "",
            "primary_queue_microsoft_endpoint": "",
            "primary_queue_microsoft_host": "",
            "primary_table_endpoint": "",
            "primary_table_host": "",
            "primary_table_microsoft_endpoint": "",
            "primary_table_microsoft_host": "",
            "primary_web_endpoint": "https://wwwpremiumsapcdkpi.z12.web.core.windows.net/",
            "primary_web_host": "wwwpremiumsapcdkpi.z12.web.core.windows.net",
            "primary_web_internet_endpoint": "",
            "primary_web_internet_host": "",
            "primary_web_microsoft_endpoint": "",
            "primary_web_microsoft_host": "",
            "provisioned_billing_model_version": "",
            "public_network_access_enabled": true,
            "queue_encryption_key_type": "Service",
            "queue_properties": [],
            "resource_group_name": "04-t1-www-rg",
            "routing": [],
            "sas_policy": [],
            "secondary_access_key": "h/kZY/WN5lOOGf6X1PDapiE7y5LYfMwRCo3edB9TPJcC+hVs3pMRjpqYUEFrebiDo0Hs/to/FsAS+AStw+U6KA==",
            "secondary_blob_connection_string": "",
            "secondary_blob_endpoint": "",
            "secondary_blob_host": "",
            "secondary_blob_internet_endpoint": "",
            "secondary_blob_internet_host": "",
            "secondary_blob_microsoft_endpoint": "",
            "secondary_blob_microsoft_host": "",
            "secondary_connection_string": "DefaultEndpointsProtocol=https;AccountName=wwwpremiumsapcdkpi;AccountKey=h/kZY/WN5lOOGf6X1PDapiE7y5LYfMwRCo3edB9TPJcC+hVs3pMRjpqYUEFrebiDo0Hs/to/FsAS+AStw+U6KA==;EndpointSuffix=core.windows.net",
            "secondary_dfs_endpoint": "",
            "secondary_dfs_host": "",
            "secondary_dfs_internet_endpoint": "",
            "secondary_dfs_internet_host": "",
            "secondary_dfs_microsoft_endpoint": "",
            "secondary_dfs_microsoft_host": "",
            "secondary_file_endpoint": "",
            "secondary_file_host": "",
            "secondary_file_internet_endpoint": "",
            "secondary_file_internet_host": "",
            "secondary_file_microsoft_endpoint": "",
            "secondary_file_microsoft_host": "",
            "secondary_location": "",
            "secondary_queue_endpoint": "",
            "secondary_queue_host": "",
            "secondary_queue_microsoft_endpoint": "",
            "secondary_queue_microsoft_host": "",
            "secondary_table_endpoint": "",
            "secondary_table_host": "",
            "secondary_table_microsoft_endpoint": "",
            "secondary_table_microsoft_host": "",
            "secondary_web_endpoint": "",
            "secondary_web_host": "",
            "secondary_web_internet_endpoint": "",
            "secondary_web_internet_host": "",
            "secondary_web_microsoft_endpoint": "",
            "secondary_web_microsoft_host": "",
            "sftp_enabled": false,
            "share_properties": [],
            "shared_access_key_enabled": true,
            "static_website": [],
            "table_encryption_key_type": "Service",
            "tags": {
              "environment": "production",
              "performance": "premium",
              "team": "www"
            },
            "timeouts": null
          },
          "sensitive_attributes": [
            [
              {
                "type": "get_attr",
                "value": "primary_access_key"
              }
            ],
            [
              {
                "type": "get_attr",
                "value": "primary_blob_connection_string"
              }
            ],
            [
              {
                "type": "get_attr",
                "value": "primary_connection_string"
              }
            ],
            [
              {
                "type": "get_attr",
                "value": "secondary_access_key"
              }
            ],
            [
              {
                "type": "get_attr",
                "value": "secondary_blob_connection_string"
              }
            ],
            [
              {
                "type": "get_attr",
                "value": "secondary_connection_string"
              }
            ]
          ],
          "identity_schema_version": 0,
          "identity": {
            "name": "wwwpremiumsapcdkpi",
            "resource_group_name": "04-t1-www-rg",
            "subscription_id": "99b79efe-ebd6-468c-b39f-5669acb259e1"
          },
          "private": "eyJlMmJmYjczMC1lY2FhLTExZTYtOGY4OC0zNDM2M2JjN2M0YzAiOnsiY3JlYXRlIjozNjAwMDAwMDAwMDAwLCJkZWxldGUiOjM2MDAwMDAwMDAwMDAsInJlYWQiOjMwMDAwMDAwMDAwMCwidXBkYXRlIjozNjAwMDAwMDAwMDAwfSwic2NoZW1hX3ZlcnNpb24iOiI0In0=",
          "dependencies": [
            "azurerm_resource_group.rg",
            "module.network_central.azurerm_subnet.subnets",
            "module.network_central.azurerm_virtual_network.vnet",
            "module.storage.random_string.premium_sa_suffix"
          ]
        }
      ]
    },
    {
      "module": "module.storage",
      "mode": "managed",
      "type": "azurerm_storage_account",
      "name": "www_sa",
      "provider": "provider[\"registry.terraform.io/hashicorp/azurerm\"]",
      "instances": [
        {
          "schema_version": 4,
          "attributes": {
            "access_tier": "Hot",
            "account_kind": "StorageV2",
            "account_replication_type": "LRS",
            "account_tier": "Standard",
            "allow_nested_items_to_be_public": false,
            "allowed_copy_scope": "",
            "azure_files_authentication": [],
            "blob_properties": [
              {
                "change_feed_enabled": true,
                "change_feed_retention_in_days": 7,
                "container_delete_retention_policy": [
                  {
                    "days": 30
                  }
                ],
                "cors_rule": [
                  {
                    "allowed_headers": [
                      "*"
                    ],
                    "allowed_methods": [
                      "GET",
                      "HEAD",
                      "POST"
                    ],
                    "allowed_origins": [
                      "*"
                    ],
                    "exposed_headers": [
                      "*"
                    ],
                    "max_age_in_seconds": 3600
                  }
                ],
                "default_service_version": "",
                "delete_retention_policy": [
                  {
                    "days": 30,
                    "permanent_delete_enabled": false
                  }
                ],
                "last_access_time_enabled": true,
                "restore_policy": [
                  {
                    "days": 29
                  }
                ],
                "versioning_enabled": true
              }
            ],
            "cross_tenant_replication_enabled": false,
            "custom_domain": [],
            "customer_managed_key": [],
            "default_to_oauth_authentication": false,
            "dns_endpoint_type": "Standard",
            "edge_zone": "",
            "https_traffic_only_enabled": true,
            "id": "/subscriptions/99b79efe-ebd6-468c-b39f-5669acb259e1/resourceGroups/04-t1-www-rg/providers/Microsoft.Storage/storageAccounts/wwwstoragetre0",
            "identity": [],
            "immutability_policy": [],
            "infrastructure_encryption_enabled": true,
            "is_hns_enabled": false,
            "large_file_share_enabled": false,
            "local_user_enabled": true,
            "location": "koreacentral",
            "min_tls_version": "TLS1_2",
            "name": "wwwstoragetre0",
            "network_rules": [
              {
                "bypass": [
                  "AzureServices",
                  "Logging",
                  "Metrics"
                ],
                "default_action": "Deny",
                "ip_rules": [
                  "211.227.107.208",
                  "211.252.127.132",
                  "61.108.60.26"
                ],
                "private_link_access": [],
                "virtual_network_subnet_ids": [
                  "/subscriptions/99b79efe-ebd6-468c-b39f-5669acb259e1/resourceGroups/04-t1-www-rg/providers/Microsoft.Network/virtualNetworks/vnet0/subnets/www-stor"
                ]
              }
            ],
            "nfsv3_enabled": false,
            "primary_access_key": "iMzhfq6UW8apb2KP+u+x8xM034avtIngIiCuEUCxJO8inpf0FV4HXSsts0SEVYwM/eoYz7kqxBHv+AStFVYVkw==",
            "primary_blob_connection_string": "DefaultEndpointsProtocol=https;BlobEndpoint=https://wwwstoragetre0.blob.core.windows.net/;AccountName=wwwstoragetre0;AccountKey=iMzhfq6UW8apb2KP+u+x8xM034avtIngIiCuEUCxJO8inpf0FV4HXSsts0SEVYwM/eoYz7kqxBHv+AStFVYVkw==",
            "primary_blob_endpoint": "https://wwwstoragetre0.blob.core.windows.net/",
            "primary_blob_host": "wwwstoragetre0.blob.core.windows.net",
            "primary_blob_internet_endpoint": "",
            "primary_blob_internet_host": "",
            "primary_blob_microsoft_endpoint": "",
            "primary_blob_microsoft_host": "",
            "primary_connection_string": "DefaultEndpointsProtocol=https;AccountName=wwwstoragetre0;AccountKey=iMzhfq6UW8apb2KP+u+x8xM034avtIngIiCuEUCxJO8inpf0FV4HXSsts0SEVYwM/eoYz7kqxBHv+AStFVYVkw==;EndpointSuffix=core.windows.net",
            "primary_dfs_endpoint": "https://wwwstoragetre0.dfs.core.windows.net/",
            "primary_dfs_host": "wwwstoragetre0.dfs.core.windows.net",
            "primary_dfs_internet_endpoint": "",
            "primary_dfs_internet_host": "",
            "primary_dfs_microsoft_endpoint": "",
            "primary_dfs_microsoft_host": "",
            "primary_file_endpoint": "https://wwwstoragetre0.file.core.windows.net/",
            "primary_file_host": "wwwstoragetre0.file.core.windows.net",
            "primary_file_internet_endpoint": "",
            "primary_file_internet_host": "",
            "primary_file_microsoft_endpoint": "",
            "primary_file_microsoft_host": "",
            "primary_location": "koreacentral",
            "primary_queue_endpoint": "https://wwwstoragetre0.queue.core.windows.net/",
            "primary_queue_host": "wwwstoragetre0.queue.core.windows.net",
            "primary_queue_microsoft_endpoint": "",
            "primary_queue_microsoft_host": "",
            "primary_table_endpoint": "https://wwwstoragetre0.table.core.windows.net/",
            "primary_table_host": "wwwstoragetre0.table.core.windows.net",
            "primary_table_microsoft_endpoint": "",
            "primary_table_microsoft_host": "",
            "primary_web_endpoint": "https://wwwstoragetre0.z12.web.core.windows.net/",
            "primary_web_host": "wwwstoragetre0.z12.web.core.windows.net",
            "primary_web_internet_endpoint": "",
            "primary_web_internet_host": "",
            "primary_web_microsoft_endpoint": "",
            "primary_web_microsoft_host": "",
            "provisioned_billing_model_version": "",
            "public_network_access_enabled": true,
            "queue_encryption_key_type": "Service",
            "queue_properties": [
              {
                "cors_rule": [],
                "hour_metrics": [
                  {
                    "enabled": false,
                    "include_apis": false,
                    "retention_policy_days": 0,
                    "version": "1.0"
                  }
                ],
                "logging": [
                  {
                    "delete": false,
                    "read": false,
                    "retention_policy_days": 0,
                    "version": "1.0",
                    "write": false
                  }
                ],
                "minute_metrics": [
                  {
                    "enabled": false,
                    "include_apis": false,
                    "retention_policy_days": 0,
                    "version": "1.0"
                  }
                ]
              }
            ],
            "resource_group_name": "04-t1-www-rg",
            "routing": [],
            "sas_policy": [
              {
                "expiration_action": "Log",
                "expiration_period": "7.00:00:00"
              }
            ],
            "secondary_access_key": "5KlroEg46lW/4bkrom/yNhuoEkMSQczfKnQYPzIci6CpP6TXFlqd3XKGmmrampT3R7HGGAXdLu9F+AStLvXV/Q==",
            "secondary_blob_connection_string": "",
            "secondary_blob_endpoint": "",
            "secondary_blob_host": "",
            "secondary_blob_internet_endpoint": "",
            "secondary_blob_internet_host": "",
            "secondary_blob_microsoft_endpoint": "",
            "secondary_blob_microsoft_host": "",
            "secondary_connection_string": "DefaultEndpointsProtocol=https;AccountName=wwwstoragetre0;AccountKey=5KlroEg46lW/4bkrom/yNhuoEkMSQczfKnQYPzIci6CpP6TXFlqd3XKGmmrampT3R7HGGAXdLu9F+AStLvXV/Q==;EndpointSuffix=core.windows.net",
            "secondary_dfs_endpoint": "",
            "secondary_dfs_host": "",
            "secondary_dfs_internet_endpoint": "",
            "secondary_dfs_internet_host": "",
            "secondary_dfs_microsoft_endpoint": "",
            "secondary_dfs_microsoft_host": "",
            "secondary_file_endpoint": "",
            "secondary_file_host": "",
            "secondary_file_internet_endpoint": "",
            "secondary_file_internet_host": "",
            "secondary_file_microsoft_endpoint": "",
            "secondary_file_microsoft_host": "",
            "secondary_location": "",
            "secondary_queue_endpoint": "",
            "secondary_queue_host": "",
            "secondary_queue_microsoft_endpoint": "",
            "secondary_queue_microsoft_host": "",
            "secondary_table_endpoint": "",
            "secondary_table_host": "",
            "secondary_table_microsoft_endpoint": "",
            "secondary_table_microsoft_host": "",
            "secondary_web_endpoint": "",
            "secondary_web_host": "",
            "secondary_web_internet_endpoint": "",
            "secondary_web_internet_host": "",
            "secondary_web_microsoft_endpoint": "",
            "secondary_web_microsoft_host": "",
            "sftp_enabled": false,
            "share_properties": [
              {
                "cors_rule": [],
                "retention_policy": [
                  {
                    "days": 7
                  }
                ],
                "smb": []
              }
            ],
            "shared_access_key_enabled": true,
            "static_website": [],
            "table_encryption_key_type": "Service",
            "tags": {
              "environment": "production",
              "team": "www"
            },
            "timeouts": null
          },
          "sensitive_attributes": [
            [
              {
                "type": "get_attr",
                "value": "primary_access_key"
              }
            ],
            [
              {
                "type": "get_attr",
                "value": "primary_blob_connection_string"
              }
            ],
            [
              {
                "type": "get_attr",
                "value": "primary_connection_string"
              }
            ],
            [
              {
                "type": "get_attr",
                "value": "secondary_access_key"
              }
            ],
            [
              {
                "type": "get_attr",
                "value": "secondary_blob_connection_string"
              }
            ],
            [
              {
                "type": "get_attr",
                "value": "secondary_connection_string"
              }
            ]
          ],
          "identity_schema_version": 0,
          "identity": {
            "name": "wwwstoragetre0",
            "resource_group_name": "04-t1-www-rg",
            "subscription_id": "99b79efe-ebd6-468c-b39f-5669acb259e1"
          },
          "private": "eyJlMmJmYjczMC1lY2FhLTExZTYtOGY4OC0zNDM2M2JjN2M0YzAiOnsiY3JlYXRlIjozNjAwMDAwMDAwMDAwLCJkZWxldGUiOjM2MDAwMDAwMDAwMDAsInJlYWQiOjMwMDAwMDAwMDAwMCwidXBkYXRlIjozNjAwMDAwMDAwMDAwfSwic2NoZW1hX3ZlcnNpb24iOiI0In0=",
          "dependencies": [
            "azurerm_resource_group.rg",
            "module.network_central.azurerm_subnet.subnets",
            "module.network_central.azurerm_virtual_network.vnet",
            "module.storage.random_string.sa_suffix"
          ]
        }
      ]
    },
    {
      "module": "module.storage",
      "mode": "managed",
      "type": "azurerm_storage_container",
      "name": "mysql_backups",
      "provider": "provider[\"registry.terraform.io/hashicorp/azurerm\"]",
      "instances": [
        {
          "schema_version": 1,
          "attributes": {
            "container_access_type": "private",
            "default_encryption_scope": "$account-encryption-key",
            "encryption_scope_override_enabled": true,
            "has_immutability_policy": false,
            "has_legal_hold": false,
            "id": "/subscriptions/99b79efe-ebd6-468c-b39f-5669acb259e1/resourceGroups/04-t1-www-rg/providers/Microsoft.Storage/storageAccounts/wwwstoragetre0/blobServices/default/containers/mysql-backups",
            "metadata": {
              "criticality": "critical",
              "purpose": "MySQL database backups",
              "retention": "compliance"
            },
            "name": "mysql-backups",
            "resource_manager_id": "/subscriptions/99b79efe-ebd6-468c-b39f-5669acb259e1/resourceGroups/04-t1-www-rg/providers/Microsoft.Storage/storageAccounts/wwwstoragetre0/blobServices/default/containers/mysql-backups",
            "storage_account_id": "/subscriptions/99b79efe-ebd6-468c-b39f-5669acb259e1/resourceGroups/04-t1-www-rg/providers/Microsoft.Storage/storageAccounts/wwwstoragetre0",
            "storage_account_name": "",
            "timeouts": null
          },
          "sensitive_attributes": [],
          "identity_schema_version": 0,
          "private": "eyJlMmJmYjczMC1lY2FhLTExZTYtOGY4OC0zNDM2M2JjN2M0YzAiOnsiY3JlYXRlIjoxODAwMDAwMDAwMDAwLCJkZWxldGUiOjE4MDAwMDAwMDAwMDAsInJlYWQiOjMwMDAwMDAwMDAwMCwidXBkYXRlIjoxODAwMDAwMDAwMDAwfSwic2NoZW1hX3ZlcnNpb24iOiIxIn0=",
          "dependencies": [
            "azurerm_resource_group.rg",
            "module.network_central.azurerm_subnet.subnets",
            "module.network_central.azurerm_virtual_network.vnet",
            "module.storage.azurerm_storage_account.www_sa",
            "module.storage.random_string.sa_suffix"
          ]
        }
      ]
    },
    {
      "module": "module.storage",
      "mode": "managed",
      "type": "azurerm_storage_container",
      "name": "wordpress_content",
      "provider": "provider[\"registry.terraform.io/hashicorp/azurerm\"]",
      "instances": [
        {
          "schema_version": 1,
          "attributes": {
            "container_access_type": "private",
            "default_encryption_scope": "$account-encryption-key",
            "encryption_scope_override_enabled": true,
            "has_immutability_policy": false,
            "has_legal_hold": false,
            "id": "/subscriptions/99b79efe-ebd6-468c-b39f-5669acb259e1/resourceGroups/04-t1-www-rg/providers/Microsoft.Storage/storageAccounts/wwwstoragetre0/blobServices/default/containers/wordpress-content",
            "metadata": {
              "criticality": "high",
              "purpose": "WordPress content and uploads",
              "retention": "long-term"
            },
            "name": "wordpress-content",
            "resource_manager_id": "/subscriptions/99b79efe-ebd6-468c-b39f-5669acb259e1/resourceGroups/04-t1-www-rg/providers/Microsoft.Storage/storageAccounts/wwwstoragetre0/blobServices/default/containers/wordpress-content",
            "storage_account_id": "/subscriptions/99b79efe-ebd6-468c-b39f-5669acb259e1/resourceGroups/04-t1-www-rg/providers/Microsoft.Storage/storageAccounts/wwwstoragetre0",
            "storage_account_name": "",
            "timeouts": null
          },
          "sensitive_attributes": [],
          "identity_schema_version": 0,
          "private": "eyJlMmJmYjczMC1lY2FhLTExZTYtOGY4OC0zNDM2M2JjN2M0YzAiOnsiY3JlYXRlIjoxODAwMDAwMDAwMDAwLCJkZWxldGUiOjE4MDAwMDAwMDAwMDAsInJlYWQiOjMwMDAwMDAwMDAwMCwidXBkYXRlIjoxODAwMDAwMDAwMDAwfSwic2NoZW1hX3ZlcnNpb24iOiIxIn0=",
          "dependencies": [
            "azurerm_resource_group.rg",
            "module.network_central.azurerm_subnet.subnets",
            "module.network_central.azurerm_virtual_network.vnet",
            "module.storage.azurerm_storage_account.www_sa",
            "module.storage.random_string.sa_suffix"
          ]
        }
      ]
    },
    {
      "module": "module.storage",
      "mode": "managed",
      "type": "azurerm_storage_container",
      "name": "www_container",
      "provider": "provider[\"registry.terraform.io/hashicorp/azurerm\"]",
      "instances": [
        {
          "schema_version": 1,
          "attributes": {
            "container_access_type": "private",
            "default_encryption_scope": "$account-encryption-key",
            "encryption_scope_override_enabled": true,
            "has_immutability_policy": false,
            "has_legal_hold": false,
            "id": "/subscriptions/99b79efe-ebd6-468c-b39f-5669acb259e1/resourceGroups/04-t1-www-rg/providers/Microsoft.Storage/storageAccounts/wwwstoragetre0/blobServices/default/containers/www-files",
            "metadata": {
              "criticality": "medium",
              "purpose": "General application files",
              "retention": "medium-term"
            },
            "name": "www-files",
            "resource_manager_id": "/subscriptions/99b79efe-ebd6-468c-b39f-5669acb259e1/resourceGroups/04-t1-www-rg/providers/Microsoft.Storage/storageAccounts/wwwstoragetre0/blobServices/default/containers/www-files",
            "storage_account_id": "/subscriptions/99b79efe-ebd6-468c-b39f-5669acb259e1/resourceGroups/04-t1-www-rg/providers/Microsoft.Storage/storageAccounts/wwwstoragetre0",
            "storage_account_name": "",
            "timeouts": null
          },
          "sensitive_attributes": [],
          "identity_schema_version": 0,
          "private": "eyJlMmJmYjczMC1lY2FhLTExZTYtOGY4OC0zNDM2M2JjN2M0YzAiOnsiY3JlYXRlIjoxODAwMDAwMDAwMDAwLCJkZWxldGUiOjE4MDAwMDAwMDAwMDAsInJlYWQiOjMwMDAwMDAwMDAwMCwidXBkYXRlIjoxODAwMDAwMDAwMDAwfSwic2NoZW1hX3ZlcnNpb24iOiIxIn0=",
          "dependencies": [
            "azurerm_resource_group.rg",
            "module.network_central.azurerm_subnet.subnets",
            "module.network_central.azurerm_virtual_network.vnet",
            "module.storage.azurerm_storage_account.www_sa",
            "module.storage.random_string.sa_suffix"
          ]
        }
      ]
    },
    {
      "module": "module.storage",
      "mode": "managed",
      "type": "azurerm_storage_container",
      "name": "www_media",
      "provider": "provider[\"registry.terraform.io/hashicorp/azurerm\"]",
      "instances": [
        {
          "schema_version": 1,
          "attributes": {
            "container_access_type": "private",
            "default_encryption_scope": "$account-encryption-key",
            "encryption_scope_override_enabled": true,
            "has_immutability_policy": false,
            "has_legal_hold": false,
            "id": "/subscriptions/99b79efe-ebd6-468c-b39f-5669acb259e1/resourceGroups/04-t1-www-rg/providers/Microsoft.Storage/storageAccounts/wwwstoragetre0/blobServices/default/containers/media",
            "metadata": {
              "criticality": "high",
              "purpose": "User uploaded media files (photos, videos)",
              "retention": "long-term"
            },
            "name": "media",
            "resource_manager_id": "/subscriptions/99b79efe-ebd6-468c-b39f-5669acb259e1/resourceGroups/04-t1-www-rg/providers/Microsoft.Storage/storageAccounts/wwwstoragetre0/blobServices/default/containers/media",
            "storage_account_id": "/subscriptions/99b79efe-ebd6-468c-b39f-5669acb259e1/resourceGroups/04-t1-www-rg/providers/Microsoft.Storage/storageAccounts/wwwstoragetre0",
            "storage_account_name": "",
            "timeouts": null
          },
          "sensitive_attributes": [],
          "identity_schema_version": 0,
          "private": "eyJlMmJmYjczMC1lY2FhLTExZTYtOGY4OC0zNDM2M2JjN2M0YzAiOnsiY3JlYXRlIjoxODAwMDAwMDAwMDAwLCJkZWxldGUiOjE4MDAwMDAwMDAwMDAsInJlYWQiOjMwMDAwMDAwMDAwMCwidXBkYXRlIjoxODAwMDAwMDAwMDAwfSwic2NoZW1hX3ZlcnNpb24iOiIxIn0=",
          "dependencies": [
            "azurerm_resource_group.rg",
            "module.network_central.azurerm_subnet.subnets",
            "module.network_central.azurerm_virtual_network.vnet",
            "module.storage.azurerm_storage_account.www_sa",
            "module.storage.random_string.sa_suffix"
          ]
        }
      ]
    },
    {
      "module": "module.storage",
      "mode": "managed",
      "type": "azurerm_storage_container",
      "name": "www_tfstate",
      "provider": "provider[\"registry.terraform.io/hashicorp/azurerm\"]",
      "instances": [
        {
          "schema_version": 1,
          "attributes": {
            "container_access_type": "private",
            "default_encryption_scope": "$account-encryption-key",
            "encryption_scope_override_enabled": true,
            "has_immutability_policy": false,
            "has_legal_hold": false,
            "id": "/subscriptions/99b79efe-ebd6-468c-b39f-5669acb259e1/resourceGroups/04-t1-www-rg/providers/Microsoft.Storage/storageAccounts/wwwstoragetre0/blobServices/default/containers/tfstate",
            "metadata": {
              "criticality": "critical",
              "purpose": "Terraform state files",
              "retention": "permanent"
            },
            "name": "tfstate",
            "resource_manager_id": "/subscriptions/99b79efe-ebd6-468c-b39f-5669acb259e1/resourceGroups/04-t1-www-rg/providers/Microsoft.Storage/storageAccounts/wwwstoragetre0/blobServices/default/containers/tfstate",
            "storage_account_id": "/subscriptions/99b79efe-ebd6-468c-b39f-5669acb259e1/resourceGroups/04-t1-www-rg/providers/Microsoft.Storage/storageAccounts/wwwstoragetre0",
            "storage_account_name": "",
            "timeouts": null
          },
          "sensitive_attributes": [],
          "identity_schema_version": 0,
          "private": "eyJlMmJmYjczMC1lY2FhLTExZTYtOGY4OC0zNDM2M2JjN2M0YzAiOnsiY3JlYXRlIjoxODAwMDAwMDAwMDAwLCJkZWxldGUiOjE4MDAwMDAwMDAwMDAsInJlYWQiOjMwMDAwMDAwMDAwMCwidXBkYXRlIjoxODAwMDAwMDAwMDAwfSwic2NoZW1hX3ZlcnNpb24iOiIxIn0=",
          "dependencies": [
            "azurerm_resource_group.rg",
            "module.network_central.azurerm_subnet.subnets",
            "module.network_central.azurerm_virtual_network.vnet",
            "module.storage.azurerm_storage_account.www_sa",
            "module.storage.random_string.sa_suffix"
          ]
        }
      ]
    },
    {
      "module": "module.storage",
      "mode": "managed",
      "type": "azurerm_storage_management_policy",
      "name": "www_policy",
      "provider": "provider[\"registry.terraform.io/hashicorp/azurerm\"]",
      "instances": [
        {
          "schema_version": 0,
          "attributes": {
            "id": "/subscriptions/99b79efe-ebd6-468c-b39f-5669acb259e1/resourceGroups/04-t1-www-rg/providers/Microsoft.Storage/storageAccounts/wwwstoragetre0/managementPolicies/default",
            "rule": [
              {
                "actions": [
                  {
                    "base_blob": [
                      {
                        "auto_tier_to_hot_from_cool_enabled": false,
                        "delete_after_days_since_creation_greater_than": -1,
                        "delete_after_days_since_last_access_time_greater_than": -1,
                        "delete_after_days_since_modification_greater_than": 730,
                        "tier_to_archive_after_days_since_creation_greater_than": -1,
                        "tier_to_archive_after_days_since_last_access_time_greater_than": -1,
                        "tier_to_archive_after_days_since_last_tier_change_greater_than": -1,
                        "tier_to_archive_after_days_since_modification_greater_than": 90,
                        "tier_to_cold_after_days_since_creation_greater_than": -1,
                        "tier_to_cold_after_days_since_last_access_time_greater_than": -1,
                        "tier_to_cold_after_days_since_modification_greater_than": -1,
                        "tier_to_cool_after_days_since_creation_greater_than": -1,
                        "tier_to_cool_after_days_since_last_access_time_greater_than": -1,
                        "tier_to_cool_after_days_since_modification_greater_than": 30
                      }
                    ],
                    "snapshot": [
                      {
                        "change_tier_to_archive_after_days_since_creation": -1,
                        "change_tier_to_cool_after_days_since_creation": -1,
                        "delete_after_days_since_creation_greater_than": 90,
                        "tier_to_archive_after_days_since_last_tier_change_greater_than": -1,
                        "tier_to_cold_after_days_since_creation_greater_than": -1
                      }
                    ],
                    "version": [
                      {
                        "change_tier_to_archive_after_days_since_creation": -1,
                        "change_tier_to_cool_after_days_since_creation": -1,
                        "delete_after_days_since_creation": 90,
                        "tier_to_archive_after_days_since_last_tier_change_greater_than": -1,
                        "tier_to_cold_after_days_since_creation_greater_than": -1
                      }
                    ]
                  }
                ],
                "enabled": true,
                "filters": [
                  {
                    "blob_types": [
                      "blockBlob"
                    ],
                    "match_blob_index_tag": [],
                    "prefix_match": [
                      "media/"
                    ]
                  }
                ],
                "name": "media-lifecycle"
              },
              {
                "actions": [
                  {
                    "base_blob": [
                      {
                        "auto_tier_to_hot_from_cool_enabled": false,
                        "delete_after_days_since_creation_greater_than": -1,
                        "delete_after_days_since_last_access_time_greater_than": -1,
                        "delete_after_days_since_modification_greater_than": 365,
                        "tier_to_archive_after_days_since_creation_greater_than": -1,
                        "tier_to_archive_after_days_since_last_access_time_greater_than": -1,
                        "tier_to_archive_after_days_since_last_tier_change_greater_than": -1,
                        "tier_to_archive_after_days_since_modification_greater_than": 30,
                        "tier_to_cold_after_days_since_creation_greater_than": -1,
                        "tier_to_cold_after_days_since_last_access_time_greater_than": -1,
                        "tier_to_cold_after_days_since_modification_greater_than": -1,
                        "tier_to_cool_after_days_since_creation_greater_than": -1,
                        "tier_to_cool_after_days_since_last_access_time_greater_than": -1,
                        "tier_to_cool_after_days_since_modification_greater_than": 7
                      }
                    ],
                    "snapshot": [
                      {
                        "change_tier_to_archive_after_days_since_creation": -1,
                        "change_tier_to_cool_after_days_since_creation": -1,
                        "delete_after_days_since_creation_greater_than": 90,
                        "tier_to_archive_after_days_since_last_tier_change_greater_than": -1,
                        "tier_to_cold_after_days_since_creation_greater_than": -1
                      }
                    ],
                    "version": []
                  }
                ],
                "enabled": true,
                "filters": [
                  {
                    "blob_types": [
                      "blockBlob"
                    ],
                    "match_blob_index_tag": [],
                    "prefix_match": [
                      "mysql-backups/"
                    ]
                  }
                ],
                "name": "backup-lifecycle"
              },
              {
                "actions": [
                  {
                    "base_blob": [
                      {
                        "auto_tier_to_hot_from_cool_enabled": false,
                        "delete_after_days_since_creation_greater_than": -1,
                        "delete_after_days_since_last_access_time_greater_than": -1,
                        "delete_after_days_since_modification_greater_than": 90,
                        "tier_to_archive_after_days_since_creation_greater_than": -1,
                        "tier_to_archive_after_days_since_last_access_time_greater_than": -1,
                        "tier_to_archive_after_days_since_last_tier_change_greater_than": -1,
                        "tier_to_archive_after_days_since_modification_greater_than": -1,
                        "tier_to_cold_after_days_since_creation_greater_than": -1,
                        "tier_to_cold_after_days_since_last_access_time_greater_than": -1,
                        "tier_to_cold_after_days_since_modification_greater_than": -1,
                        "tier_to_cool_after_days_since_creation_greater_than": -1,
                        "tier_to_cool_after_days_since_last_access_time_greater_than": -1,
                        "tier_to_cool_after_days_since_modification_greater_than": 7
                      }
                    ],
                    "snapshot": [],
                    "version": []
                  }
                ],
                "enabled": true,
                "filters": [
                  {
                    "blob_types": [
                      "blockBlob"
                    ],
                    "match_blob_index_tag": [],
                    "prefix_match": [
                      "logs/"
                    ]
                  }
                ],
                "name": "log-lifecycle"
              },
              {
                "actions": [
                  {
                    "base_blob": [],
                    "snapshot": [],
                    "version": [
                      {
                        "change_tier_to_archive_after_days_since_creation": -1,
                        "change_tier_to_cool_after_days_since_creation": -1,
                        "delete_after_days_since_creation": 180,
                        "tier_to_archive_after_days_since_last_tier_change_greater_than": -1,
                        "tier_to_cold_after_days_since_creation_greater_than": -1
                      }
                    ]
                  }
                ],
                "enabled": true,
                "filters": [
                  {
                    "blob_types": [
                      "blockBlob"
                    ],
                    "match_blob_index_tag": [],
                    "prefix_match": []
                  }
                ],
                "name": "version-cleanup"
              }
            ],
            "storage_account_id": "/subscriptions/99b79efe-ebd6-468c-b39f-5669acb259e1/resourceGroups/04-t1-www-rg/providers/Microsoft.Storage/storageAccounts/wwwstoragetre0",
            "timeouts": null
          },
          "sensitive_attributes": [],
          "identity_schema_version": 0,
          "private": "eyJlMmJmYjczMC1lY2FhLTExZTYtOGY4OC0zNDM2M2JjN2M0YzAiOnsiY3JlYXRlIjoxODAwMDAwMDAwMDAwLCJkZWxldGUiOjE4MDAwMDAwMDAwMDAsInJlYWQiOjMwMDAwMDAwMDAwMCwidXBkYXRlIjoxODAwMDAwMDAwMDAwfX0=",
          "dependencies": [
            "azurerm_resource_group.rg",
            "module.network_central.azurerm_subnet.subnets",
            "module.network_central.azurerm_virtual_network.vnet",
            "module.storage.azurerm_storage_account.www_sa",
            "module.storage.random_string.sa_suffix"
          ]
        }
      ]
    },
    {
      "module": "module.storage",
      "mode": "managed",
      "type": "azurerm_storage_share",
      "name": "share",
      "provider": "provider[\"registry.terraform.io/hashicorp/azurerm\"]",
      "instances": [
        {
          "schema_version": 2,
          "attributes": {
            "access_tier": "Hot",
            "acl": [
              {
                "access_policy": [
                  {
                    "expiry": "2026-12-08T22:53:58Z",
                    "permissions": "rwdl",
                    "start": "2025-12-08T21:53:58Z"
                  }
                ],
                "id": "www-share-access"
              }
            ],
            "enabled_protocol": "SMB",
            "id": "/subscriptions/99b79efe-ebd6-468c-b39f-5669acb259e1/resourceGroups/04-t1-www-rg/providers/Microsoft.Storage/storageAccounts/wwwstoragetre0/fileServices/default/shares/www-share",
            "metadata": {},
            "name": "www-share",
            "quota": 100,
            "resource_manager_id": "/subscriptions/99b79efe-ebd6-468c-b39f-5669acb259e1/resourceGroups/04-t1-www-rg/providers/Microsoft.Storage/storageAccounts/wwwstoragetre0/fileServices/default/shares/www-share",
            "storage_account_id": "/subscriptions/99b79efe-ebd6-468c-b39f-5669acb259e1/resourceGroups/04-t1-www-rg/providers/Microsoft.Storage/storageAccounts/wwwstoragetre0",
            "storage_account_name": "",
            "timeouts": null,
            "url": "https://wwwstoragetre0.file.core.windows.net/www-share"
          },
          "sensitive_attributes": [],
          "identity_schema_version": 0,
          "private": "eyJlMmJmYjczMC1lY2FhLTExZTYtOGY4OC0zNDM2M2JjN2M0YzAiOnsiY3JlYXRlIjoxODAwMDAwMDAwMDAwLCJkZWxldGUiOjE4MDAwMDAwMDAwMDAsInJlYWQiOjMwMDAwMDAwMDAwMCwidXBkYXRlIjoxODAwMDAwMDAwMDAwfSwic2NoZW1hX3ZlcnNpb24iOiIyIn0=",
          "dependencies": [
            "azurerm_resource_group.rg",
            "module.network_central.azurerm_subnet.subnets",
            "module.network_central.azurerm_virtual_network.vnet",
            "module.storage.azurerm_storage_account.www_sa",
            "module.storage.random_string.sa_suffix"
          ]
        }
      ]
    },
    {
      "module": "module.storage",
      "mode": "managed",
      "type": "random_string",
      "name": "premium_sa_suffix",
      "provider": "provider[\"registry.terraform.io/hashicorp/random\"]",
      "instances": [
        {
          "schema_version": 2,
          "attributes": {
            "id": "pcdkpi",
            "keepers": null,
            "length": 6,
            "lower": true,
            "min_lower": 0,
            "min_numeric": 0,
            "min_special": 0,
            "min_upper": 0,
            "number": true,
            "numeric": true,
            "override_special": null,
            "result": "pcdkpi",
            "special": false,
            "upper": false
          },
          "sensitive_attributes": [],
          "identity_schema_version": 0
        }
      ]
    },
    {
      "module": "module.storage",
      "mode": "managed",
      "type": "random_string",
      "name": "sa_suffix",
      "provider": "provider[\"registry.terraform.io/hashicorp/random\"]",
      "instances": [
        {
          "schema_version": 2,
          "attributes": {
            "id": "tre0",
            "keepers": null,
            "length": 4,
            "lower": true,
            "min_lower": 0,
            "min_numeric": 0,
            "min_special": 0,
            "min_upper": 0,
            "number": true,
            "numeric": true,
            "override_special": null,
            "result": "tre0",
            "special": false,
            "upper": false
          },
          "sensitive_attributes": [],
          "identity_schema_version": 0
        }
      ]
    }
  ],
  "check_results": null
}
