{
  "version": 4,
  "terraform_version": "1.13.5",
  "serial": 557,
  "lineage": "60c26167-255d-d307-8f08-212df2e61792",
  "outputs": {
    "bas_pub_ip": {
      "value": "20.194.61.143",
      "type": "string"
    }
  },
  "resources": [
    {
      "mode": "data",
      "type": "azuread_user",
      "name": "compute_admin",
      "provider": "provider[\"registry.terraform.io/hashicorp/azuread\"]",
      "instances": [
        {
          "schema_version": 0,
          "attributes": {
            "account_enabled": true,
            "age_group": "",
            "business_phones": [],
            "city": "",
            "company_name": "",
            "consent_provided_for_minor": "",
            "cost_center": null,
            "country": "",
            "creation_type": "",
            "department": "",
            "display_name": "배하영",
            "division": null,
            "employee_hire_date": "",
            "employee_id": "",
            "employee_type": "",
            "external_user_state": "",
            "fax_number": "",
            "given_name": "",
            "id": "/users/5a54cace-68ce-40f1-b485-b32a226e50e5",
            "im_addresses": [],
            "job_title": "",
            "mail": "",
            "mail_nickname": "student11",
            "manager_id": "",
            "mobile_phone": "",
            "object_id": "5a54cace-68ce-40f1-b485-b32a226e50e5",
            "office_location": "",
            "onpremises_distinguished_name": "",
            "onpremises_domain_name": "",
            "onpremises_immutable_id": "",
            "onpremises_sam_account_name": "",
            "onpremises_security_identifier": "",
            "onpremises_sync_enabled": false,
            "onpremises_user_principal_name": "",
            "other_mails": [],
            "postal_code": "",
            "preferred_language": "",
            "proxy_addresses": [],
            "show_in_address_list": false,
            "state": "",
            "street_address": "",
            "surname": "",
            "timeouts": null,
            "usage_location": "",
            "user_principal_name": "student411@mscsschool.onmicrosoft.com",
            "user_type": "Member"
          },
          "sensitive_attributes": [],
          "identity_schema_version": 0
        }
      ]
    },
    {
      "mode": "data",
      "type": "azuread_user",
      "name": "db_admin",
      "provider": "provider[\"registry.terraform.io/hashicorp/azuread\"]",
      "instances": [
        {
          "schema_version": 0,
          "attributes": {
            "account_enabled": true,
            "age_group": "",
            "business_phones": [],
            "city": "",
            "company_name": "",
            "consent_provided_for_minor": "",
            "cost_center": null,
            "country": "",
            "creation_type": "",
            "department": "",
            "display_name": "이두경",
            "division": null,
            "employee_hire_date": "",
            "employee_id": "",
            "employee_type": "",
            "external_user_state": "",
            "fax_number": "",
            "given_name": "",
            "id": "/users/492131b6-671b-43f1-ac1e-db6a26222569",
            "im_addresses": [],
            "job_title": "",
            "mail": "",
            "mail_nickname": "student421",
            "manager_id": "",
            "mobile_phone": "",
            "object_id": "492131b6-671b-43f1-ac1e-db6a26222569",
            "office_location": "",
            "onpremises_distinguished_name": "",
            "onpremises_domain_name": "",
            "onpremises_immutable_id": "",
            "onpremises_sam_account_name": "",
            "onpremises_security_identifier": "",
            "onpremises_sync_enabled": false,
            "onpremises_user_principal_name": "",
            "other_mails": [],
            "postal_code": "",
            "preferred_language": "",
            "proxy_addresses": [],
            "show_in_address_list": false,
            "state": "",
            "street_address": "",
            "surname": "",
            "timeouts": null,
            "usage_location": "",
            "user_principal_name": "student421@mscsschool.onmicrosoft.com",
            "user_type": "Member"
          },
          "sensitive_attributes": [],
          "identity_schema_version": 0
        }
      ]
    },
    {
      "mode": "data",
      "type": "azuread_user",
      "name": "network_admin",
      "provider": "provider[\"registry.terraform.io/hashicorp/azuread\"]",
      "instances": [
        {
          "schema_version": 0,
          "attributes": {
            "account_enabled": true,
            "age_group": "",
            "business_phones": [],
            "city": "",
            "company_name": "",
            "consent_provided_for_minor": "",
            "cost_center": null,
            "country": "",
            "creation_type": "",
            "department": "",
            "display_name": "이하연",
            "division": null,
            "employee_hire_date": "",
            "employee_id": "",
            "employee_type": "",
            "external_user_state": "",
            "fax_number": "",
            "given_name": "",
            "id": "/users/459480bc-f44e-4582-8c98-71fa3d881811",
            "im_addresses": [],
            "job_title": "",
            "mail": "",
            "mail_nickname": "student424",
            "manager_id": "",
            "mobile_phone": "",
            "object_id": "459480bc-f44e-4582-8c98-71fa3d881811",
            "office_location": "",
            "onpremises_distinguished_name": "",
            "onpremises_domain_name": "",
            "onpremises_immutable_id": "",
            "onpremises_sam_account_name": "",
            "onpremises_security_identifier": "",
            "onpremises_sync_enabled": false,
            "onpremises_user_principal_name": "",
            "other_mails": [],
            "postal_code": "",
            "preferred_language": "",
            "proxy_addresses": [],
            "show_in_address_list": false,
            "state": "",
            "street_address": "",
            "surname": "",
            "timeouts": null,
            "usage_location": "",
            "user_principal_name": "student424@mscsschool.onmicrosoft.com",
            "user_type": "Member"
          },
          "sensitive_attributes": [],
          "identity_schema_version": 0
        }
      ]
    },
    {
      "mode": "data",
      "type": "azuread_user",
      "name": "pm_user",
      "provider": "provider[\"registry.terraform.io/hashicorp/azuread\"]",
      "instances": [
        {
          "schema_version": 0,
          "attributes": {
            "account_enabled": true,
            "age_group": "",
            "business_phones": [],
            "city": "",
            "company_name": "",
            "consent_provided_for_minor": "",
            "cost_center": null,
            "country": "",
            "creation_type": "",
            "department": "",
            "display_name": "이기훈",
            "division": null,
            "employee_hire_date": "",
            "employee_id": "",
            "employee_type": "",
            "external_user_state": "",
            "fax_number": "",
            "given_name": "",
            "id": "/users/cbca0876-4730-495c-8c47-18b9c9af868a",
            "im_addresses": [],
            "job_title": "",
            "mail": "",
            "mail_nickname": "student420",
            "manager_id": "",
            "mobile_phone": "",
            "object_id": "cbca0876-4730-495c-8c47-18b9c9af868a",
            "office_location": "",
            "onpremises_distinguished_name": "",
            "onpremises_domain_name": "",
            "onpremises_immutable_id": "",
            "onpremises_sam_account_name": "",
            "onpremises_security_identifier": "",
            "onpremises_sync_enabled": false,
            "onpremises_user_principal_name": "",
            "other_mails": [],
            "postal_code": "",
            "preferred_language": "",
            "proxy_addresses": [],
            "show_in_address_list": false,
            "state": "",
            "street_address": "",
            "surname": "",
            "timeouts": null,
            "usage_location": "",
            "user_principal_name": "student420@mscsschool.onmicrosoft.com",
            "user_type": "Member"
          },
          "sensitive_attributes": [],
          "identity_schema_version": 0
        }
      ]
    },
    {
      "mode": "data",
      "type": "azuread_user",
      "name": "security_admin",
      "provider": "provider[\"registry.terraform.io/hashicorp/azuread\"]",
      "instances": [
        {
          "schema_version": 0,
          "attributes": {
            "account_enabled": true,
            "age_group": "",
            "business_phones": [],
            "city": "",
            "company_name": "",
            "consent_provided_for_minor": "",
            "cost_center": null,
            "country": "",
            "creation_type": "",
            "department": "",
            "display_name": "정현지",
            "division": null,
            "employee_hire_date": "",
            "employee_id": "",
            "employee_type": "",
            "external_user_state": "",
            "fax_number": "",
            "given_name": "",
            "id": "/users/b9d57093-411e-4141-b5a5-faf01b0edd17",
            "im_addresses": [],
            "job_title": "",
            "mail": "",
            "mail_nickname": "student426",
            "manager_id": "",
            "mobile_phone": "",
            "object_id": "b9d57093-411e-4141-b5a5-faf01b0edd17",
            "office_location": "",
            "onpremises_distinguished_name": "",
            "onpremises_domain_name": "",
            "onpremises_immutable_id": "",
            "onpremises_sam_account_name": "",
            "onpremises_security_identifier": "",
            "onpremises_sync_enabled": false,
            "onpremises_user_principal_name": "",
            "other_mails": [],
            "postal_code": "",
            "preferred_language": "",
            "proxy_addresses": [],
            "show_in_address_list": false,
            "state": "",
            "street_address": "",
            "surname": "",
            "timeouts": null,
            "usage_location": "",
            "user_principal_name": "student426@mscsschool.onmicrosoft.com",
            "user_type": "Member"
          },
          "sensitive_attributes": [],
          "identity_schema_version": 0
        }
      ]
    },
    {
      "mode": "managed",
      "type": "azurerm_application_gateway",
      "name": "www_appgw",
      "provider": "provider[\"registry.terraform.io/hashicorp/azurerm\"]",
      "instances": [
        {
          "schema_version": 0,
          "attributes": {
            "authentication_certificate": [],
            "autoscale_configuration": [],
            "backend_address_pool": [
              {
                "fqdns": [],
                "id": "/subscriptions/99b79efe-ebd6-468c-b39f-5669acb259e1/resourceGroups/04-T1-www2/providers/Microsoft.Network/applicationGateways/www-appgw/backendAddressPools/www-beap",
                "ip_addresses": [],
                "name": "www-beap"
              }
            ],
            "backend_http_settings": [
              {
                "affinity_cookie_name": "",
                "authentication_certificate": [],
                "connection_draining": [],
                "cookie_based_affinity": "Disabled",
                "dedicated_backend_connection_enabled": false,
                "host_name": "",
                "id": "/subscriptions/99b79efe-ebd6-468c-b39f-5669acb259e1/resourceGroups/04-T1-www2/providers/Microsoft.Network/applicationGateways/www-appgw/backendHttpSettingsCollection/www-be-htst",
                "name": "www-be-htst",
                "path": "",
                "pick_host_name_from_backend_address": false,
                "port": 80,
                "probe_id": "",
                "probe_name": "",
                "protocol": "Http",
                "request_timeout": 60,
                "trusted_root_certificate_names": []
              }
            ],
            "custom_error_configuration": [],
            "enable_http2": false,
            "fips_enabled": false,
            "firewall_policy_id": "",
            "force_firewall_policy_association": false,
            "frontend_ip_configuration": [
              {
                "id": "/subscriptions/99b79efe-ebd6-468c-b39f-5669acb259e1/resourceGroups/04-T1-www2/providers/Microsoft.Network/applicationGateways/www-appgw/frontendIPConfigurations/www-feip",
                "name": "www-feip",
                "private_ip_address": "",
                "private_ip_address_allocation": "Dynamic",
                "private_link_configuration_id": "",
                "private_link_configuration_name": "",
                "public_ip_address_id": "/subscriptions/99b79efe-ebd6-468c-b39f-5669acb259e1/resourceGroups/04-T1-www2/providers/Microsoft.Network/publicIPAddresses/www2-appip",
                "subnet_id": ""
              }
            ],
            "frontend_port": [
              {
                "id": "/subscriptions/99b79efe-ebd6-468c-b39f-5669acb259e1/resourceGroups/04-T1-www2/providers/Microsoft.Network/applicationGateways/www-appgw/frontendPorts/www-feport",
                "name": "www-feport",
                "port": 80
              }
            ],
            "gateway_ip_configuration": [
              {
                "id": "/subscriptions/99b79efe-ebd6-468c-b39f-5669acb259e1/resourceGroups/04-T1-www2/providers/Microsoft.Network/applicationGateways/www-appgw/gatewayIPConfigurations/www-ip-appgw",
                "name": "www-ip-appgw",
                "subnet_id": "/subscriptions/99b79efe-ebd6-468c-b39f-5669acb259e1/resourceGroups/04-T1-www2/providers/Microsoft.Network/virtualNetworks/www2-vnet1/subnets/www2-appgw"
              }
            ],
            "global": [],
            "http_listener": [
              {
                "custom_error_configuration": [],
                "firewall_policy_id": "",
                "frontend_ip_configuration_id": "/subscriptions/99b79efe-ebd6-468c-b39f-5669acb259e1/resourceGroups/04-T1-www2/providers/Microsoft.Network/applicationGateways/www-appgw/frontendIPConfigurations/www-feip",
                "frontend_ip_configuration_name": "www-feip",
                "frontend_port_id": "/subscriptions/99b79efe-ebd6-468c-b39f-5669acb259e1/resourceGroups/04-T1-www2/providers/Microsoft.Network/applicationGateways/www-appgw/frontendPorts/www-feport",
                "frontend_port_name": "www-feport",
                "host_name": "",
                "host_names": [],
                "id": "/subscriptions/99b79efe-ebd6-468c-b39f-5669acb259e1/resourceGroups/04-T1-www2/providers/Microsoft.Network/applicationGateways/www-appgw/httpListeners/www-httplstn",
                "name": "www-httplstn",
                "protocol": "Http",
                "require_sni": false,
                "ssl_certificate_id": "",
                "ssl_certificate_name": "",
                "ssl_profile_id": "",
                "ssl_profile_name": ""
              }
            ],
            "id": "/subscriptions/99b79efe-ebd6-468c-b39f-5669acb259e1/resourceGroups/04-T1-www2/providers/Microsoft.Network/applicationGateways/www-appgw",
            "identity": [],
            "location": "koreasouth",
            "name": "www-appgw",
            "private_endpoint_connection": [],
            "private_link_configuration": [],
            "probe": [],
            "redirect_configuration": [],
            "request_routing_rule": [
              {
                "backend_address_pool_id": "/subscriptions/99b79efe-ebd6-468c-b39f-5669acb259e1/resourceGroups/04-T1-www2/providers/Microsoft.Network/applicationGateways/www-appgw/backendAddressPools/www-beap",
                "backend_address_pool_name": "www-beap",
                "backend_http_settings_id": "/subscriptions/99b79efe-ebd6-468c-b39f-5669acb259e1/resourceGroups/04-T1-www2/providers/Microsoft.Network/applicationGateways/www-appgw/backendHttpSettingsCollection/www-be-htst",
                "backend_http_settings_name": "www-be-htst",
                "http_listener_id": "/subscriptions/99b79efe-ebd6-468c-b39f-5669acb259e1/resourceGroups/04-T1-www2/providers/Microsoft.Network/applicationGateways/www-appgw/httpListeners/www-httplstn",
                "http_listener_name": "www-httplstn",
                "id": "/subscriptions/99b79efe-ebd6-468c-b39f-5669acb259e1/resourceGroups/04-T1-www2/providers/Microsoft.Network/applicationGateways/www-appgw/requestRoutingRules/www-rqrt",
                "name": "www-rqrt",
                "priority": 9,
                "redirect_configuration_id": "",
                "redirect_configuration_name": "",
                "rewrite_rule_set_id": "",
                "rewrite_rule_set_name": "",
                "rule_type": "Basic",
                "url_path_map_id": "",
                "url_path_map_name": ""
              }
            ],
            "resource_group_name": "04-T1-www2",
            "rewrite_rule_set": [],
            "sku": [
              {
                "capacity": 2,
                "name": "Standard_v2",
                "tier": "Standard_v2"
              }
            ],
            "ssl_certificate": [],
            "ssl_policy": [
              {
                "cipher_suites": [],
                "disabled_protocols": [],
                "min_protocol_version": "",
                "policy_name": "AppGwSslPolicy20220101",
                "policy_type": "Predefined"
              }
            ],
            "ssl_profile": [],
            "tags": {},
            "timeouts": null,
            "trusted_client_certificate": [],
            "trusted_root_certificate": [],
            "url_path_map": [],
            "waf_configuration": [],
            "zones": []
          },
          "sensitive_attributes": [],
          "identity_schema_version": 0,
          "identity": {
            "name": "www-appgw",
            "resource_group_name": "04-T1-www2",
            "subscription_id": "99b79efe-ebd6-468c-b39f-5669acb259e1"
          },
          "private": "eyJlMmJmYjczMC1lY2FhLTExZTYtOGY4OC0zNDM2M2JjN2M0YzAiOnsiY3JlYXRlIjo1NDAwMDAwMDAwMDAwLCJkZWxldGUiOjU0MDAwMDAwMDAwMDAsInJlYWQiOjMwMDAwMDAwMDAwMCwidXBkYXRlIjo1NDAwMDAwMDAwMDAwfX0=",
          "dependencies": [
            "azurerm_public_ip.www_appip",
            "azurerm_subnet.www_appgw",
            "azurerm_virtual_network.www_vnet1"
          ]
        }
      ]
    },
    {
      "mode": "managed",
      "type": "azurerm_image",
      "name": "www_image",
      "provider": "provider[\"registry.terraform.io/hashicorp/azurerm\"]",
      "instances": [
        {
          "schema_version": 0,
          "attributes": {
            "data_disk": [],
            "hyper_v_generation": "V2",
            "id": "/subscriptions/99b79efe-ebd6-468c-b39f-5669acb259e1/resourceGroups/04-T1-www2/providers/Microsoft.Compute/images/www-image",
            "location": "koreacentral",
            "name": "www-image",
            "os_disk": [
              {
                "blob_uri": "",
                "caching": "ReadWrite",
                "disk_encryption_set_id": "",
                "managed_disk_id": "/subscriptions/99b79efe-ebd6-468c-b39f-5669acb259e1/resourceGroups/04-T1-www2/providers/Microsoft.Compute/disks/www-disk",
                "os_state": "Generalized",
                "os_type": "Linux",
                "size_gb": 10,
                "storage_type": "StandardSSD_LRS"
              }
            ],
            "resource_group_name": "04-T1-www2",
            "source_virtual_machine_id": null,
            "tags": {},
            "timeouts": null,
            "zone_resilient": false
          },
          "sensitive_attributes": [],
          "identity_schema_version": 0,
          "private": "eyJlMmJmYjczMC1lY2FhLTExZTYtOGY4OC0zNDM2M2JjN2M0YzAiOnsiY3JlYXRlIjo1NDAwMDAwMDAwMDAwLCJkZWxldGUiOjU0MDAwMDAwMDAwMDAsInJlYWQiOjMwMDAwMDAwMDAwMCwidXBkYXRlIjo1NDAwMDAwMDAwMDAwfX0=",
          "dependencies": [
            "azurerm_linux_virtual_machine.www_web2vm",
            "azurerm_managed_disk.www_disk",
            "azurerm_network_interface.www_web2_nic",
            "azurerm_resource_group.www_rg",
            "azurerm_subnet.www_web2",
            "azurerm_virtual_network.www_vnet0",
            "null_resource.www_web2_deallocate"
          ]
        }
      ]
    },
    {
      "mode": "managed",
      "type": "azurerm_linux_virtual_machine",
      "name": "www_basvm",
      "provider": "provider[\"registry.terraform.io/hashicorp/azurerm\"]",
      "instances": [
        {
          "schema_version": 0,
          "attributes": {
            "additional_capabilities": [],
            "admin_password": null,
            "admin_ssh_key": [
              {
                "public_key": "ssh-ed25519 AAAAC3NzaC1lZDI1NTE5AAAAIPQMz6pXp11KhT0hWvtjhfnWCxvVEauRhw7dTgunou4M \r\n",
                "username": "www"
              }
            ],
            "admin_username": "www",
            "allow_extension_operations": true,
            "availability_set_id": "",
            "boot_diagnostics": [
              {
                "storage_account_uri": ""
              }
            ],
            "bypass_platform_safety_checks_on_user_schedule_enabled": false,
            "capacity_reservation_group_id": "",
            "computer_name": "www2-basvm",
            "custom_data": null,
            "dedicated_host_group_id": "",
            "dedicated_host_id": "",
            "disable_password_authentication": true,
            "disk_controller_type": "SCSI",
            "edge_zone": "",
            "encryption_at_host_enabled": false,
            "eviction_policy": "",
            "extensions_time_budget": "PT1H30M",
            "gallery_application": [],
            "id": "/subscriptions/99b79efe-ebd6-468c-b39f-5669acb259e1/resourceGroups/04-T1-www2/providers/Microsoft.Compute/virtualMachines/www2-basvm",
            "identity": [
              {
                "identity_ids": [],
                "principal_id": "826251c5-d9a8-434b-a3ce-bfd2aa9147a4",
                "tenant_id": "548e9ef4-b1d5-48fa-b220-59f52d6db511",
                "type": "SystemAssigned"
              }
            ],
            "license_type": "",
            "location": "koreacentral",
            "max_bid_price": -1,
            "name": "www2-basvm",
            "network_interface_ids": [
              "/subscriptions/99b79efe-ebd6-468c-b39f-5669acb259e1/resourceGroups/04-T1-www2/providers/Microsoft.Network/networkInterfaces/www2-bas-nic"
            ],
            "os_disk": [
              {
                "caching": "ReadWrite",
                "diff_disk_settings": [],
                "disk_encryption_set_id": "",
                "disk_size_gb": 10,
                "id": "/subscriptions/99b79efe-ebd6-468c-b39f-5669acb259e1/resourceGroups/04-T1-www2/providers/Microsoft.Compute/disks/www2-basvm_disk1_8bbf4822d25347d7b259e7966319220e",
                "name": "www2-basvm_disk1_8bbf4822d25347d7b259e7966319220e",
                "secure_vm_disk_encryption_set_id": "",
                "security_encryption_type": "",
                "storage_account_type": "Standard_LRS",
                "write_accelerator_enabled": false
              }
            ],
            "os_image_notification": [],
            "os_managed_disk_id": "/subscriptions/99b79efe-ebd6-468c-b39f-5669acb259e1/resourceGroups/04-T1-www2/providers/Microsoft.Compute/disks/www2-basvm_disk1_8bbf4822d25347d7b259e7966319220e",
            "patch_assessment_mode": "ImageDefault",
            "patch_mode": "ImageDefault",
            "plan": [
              {
                "name": "9-lvm",
                "product": "rockylinux-x86_64",
                "publisher": "resf"
              }
            ],
            "platform_fault_domain": -1,
            "priority": "Regular",
            "private_ip_address": "10.0.0.4",
            "private_ip_addresses": [
              "10.0.0.4"
            ],
            "provision_vm_agent": true,
            "proximity_placement_group_id": "",
            "public_ip_address": "20.194.61.143",
            "public_ip_addresses": [
              "20.194.61.143"
            ],
            "reboot_setting": "",
            "resource_group_name": "04-T1-www2",
            "secret": [],
            "secure_boot_enabled": false,
            "size": "Standard_B1s",
            "source_image_id": "",
            "source_image_reference": [
              {
                "offer": "rockylinux-x86_64",
                "publisher": "resf",
                "sku": "9-lvm",
                "version": "9.3.20231113"
              }
            ],
            "tags": {},
            "termination_notification": [],
            "timeouts": null,
            "user_data": "IyEgL2Jpbi9iYXNoDQoNCnNldGVuZm9yY2UgMA0KZ3J1YmJ5IC0tdXBkYXRlLWtlcm5lbCBBTEwgLWFyZ3Mgc2VsaW51eD0wDQplY2hvIC1lICItLS0tLUJFR0lOIE9QRU5TU0ggUFJJVkFURSBLRVktLS0tLQ0KYjNCbGJuTnphQzFyWlhrdGRqRUFBQUFBQkc1dmJtVUFBQUFFYm05dVpRQUFBQUFBQUFBQkFBQUFNd0FBQUF0emMyZ3RaVw0KUXlOVFV4T1FBQUFDRDBETStxVjZkZFNvVTlJVnI3WTRYNTFnc2IxUkdya1ljTzNVNExwNkx1REFBQUFKamU4LzYzM3ZQKw0KdHdBQUFBdHpjMmd0WldReU5UVXhPUUFBQUNEMERNK3FWNmRkU29VOUlWcjdZNFg1MWdzYjFSR3JrWWNPM1U0THA2THVEQQ0KQUFBRUFZNEhRWFQ2M1hhUnNxRndrSDNYUVlwZzdaVS9MNHBsNlEwOUxNVFFmYTdmUU16NnBYcDExS2hUMGhXdnRqaGZuVw0KQ3h2VkVhdVJodzdkVGd1bm91NE1BQUFBRUdkbmFtY3pNMEJuYldGcGJDNWpiMjBCQWdNRUJRPT0NCi0tLS0tRU5EIE9QRU5TU0ggUFJJVkFURSBLRVktLS0tLSIgPiAvaG9tZS93d3cvLnNzaC9pZF9lZDI1NTE5DQpjaG93biB3d3cud3d3IC9ob21lL3d3dy8uc3NoL2lkX2VkMjU1MTkNCmNobW9kIDYwMCAvaG9tZS93d3cvLnNzaC9pZF9lZDI1NTE5IyEgL2Jpbi9iYXNoDQpzZXRlbmZvcmNlIDANCmdydWJieSAtLXVwZGF0ZS1rZXJuZWwgQUxMIC0tYXJncw0Kc2VsaW51eD0wDQpkbmYgaW5zdGFsbCAteSBteXNxbCBseW54",
            "virtual_machine_id": "a6dc0a75-75cd-4a19-b710-b74ea3009dbf",
            "virtual_machine_scale_set_id": "",
            "vm_agent_platform_updates_enabled": false,
            "vtpm_enabled": false,
            "zone": ""
          },
          "sensitive_attributes": [
            [
              {
                "type": "get_attr",
                "value": "admin_password"
              }
            ],
            [
              {
                "type": "get_attr",
                "value": "custom_data"
              }
            ]
          ],
          "identity_schema_version": 0,
          "private": "eyJlMmJmYjczMC1lY2FhLTExZTYtOGY4OC0zNDM2M2JjN2M0YzAiOnsiY3JlYXRlIjoyNzAwMDAwMDAwMDAwLCJkZWxldGUiOjI3MDAwMDAwMDAwMDAsInJlYWQiOjMwMDAwMDAwMDAwMCwidXBkYXRlIjoyNzAwMDAwMDAwMDAwfX0=",
          "dependencies": [
            "azurerm_network_interface.www_bas_nic",
            "azurerm_public_ip.www_basip",
            "azurerm_resource_group.www_rg",
            "azurerm_subnet.www_bas",
            "azurerm_virtual_network.www_vnet0"
          ]
        }
      ]
    },
    {
      "mode": "managed",
      "type": "azurerm_linux_virtual_machine",
      "name": "www_dbvm",
      "provider": "provider[\"registry.terraform.io/hashicorp/azurerm\"]",
      "instances": [
        {
          "schema_version": 0,
          "attributes": {
            "additional_capabilities": [],
            "admin_password": null,
            "admin_ssh_key": [
              {
                "public_key": "ssh-ed25519 AAAAC3NzaC1lZDI1NTE5AAAAIPQMz6pXp11KhT0hWvtjhfnWCxvVEauRhw7dTgunou4M \r\n",
                "username": "www"
              }
            ],
            "admin_username": "www",
            "allow_extension_operations": true,
            "availability_set_id": "",
            "boot_diagnostics": [
              {
                "storage_account_uri": ""
              }
            ],
            "bypass_platform_safety_checks_on_user_schedule_enabled": false,
            "capacity_reservation_group_id": "",
            "computer_name": "www2-dbvm",
            "custom_data": null,
            "dedicated_host_group_id": "",
            "dedicated_host_id": "",
            "disable_password_authentication": true,
            "disk_controller_type": "SCSI",
            "edge_zone": "",
            "encryption_at_host_enabled": false,
            "eviction_policy": "",
            "extensions_time_budget": "PT1H30M",
            "gallery_application": [],
            "id": "/subscriptions/99b79efe-ebd6-468c-b39f-5669acb259e1/resourceGroups/04-T1-www2/providers/Microsoft.Compute/virtualMachines/www2-dbvm",
            "identity": [
              {
                "identity_ids": [],
                "principal_id": "7e770a51-db9b-486a-8860-05f6c3311288",
                "tenant_id": "548e9ef4-b1d5-48fa-b220-59f52d6db511",
                "type": "SystemAssigned"
              }
            ],
            "license_type": "",
            "location": "koreacentral",
            "max_bid_price": -1,
            "name": "www2-dbvm",
            "network_interface_ids": [
              "/subscriptions/99b79efe-ebd6-468c-b39f-5669acb259e1/resourceGroups/04-T1-www2/providers/Microsoft.Network/networkInterfaces/www2-db-nic"
            ],
            "os_disk": [
              {
                "caching": "ReadWrite",
                "diff_disk_settings": [],
                "disk_encryption_set_id": "",
                "disk_size_gb": 10,
                "id": "/subscriptions/99b79efe-ebd6-468c-b39f-5669acb259e1/resourceGroups/04-T1-www2/providers/Microsoft.Compute/disks/www2-dbvm_disk1_983e4b71d62b4983aabd731ea29a5e07",
                "name": "www2-dbvm_disk1_983e4b71d62b4983aabd731ea29a5e07",
                "secure_vm_disk_encryption_set_id": "",
                "security_encryption_type": "",
                "storage_account_type": "Standard_LRS",
                "write_accelerator_enabled": false
              }
            ],
            "os_image_notification": [],
            "os_managed_disk_id": "/subscriptions/99b79efe-ebd6-468c-b39f-5669acb259e1/resourceGroups/04-T1-www2/providers/Microsoft.Compute/disks/www2-dbvm_disk1_983e4b71d62b4983aabd731ea29a5e07",
            "patch_assessment_mode": "ImageDefault",
            "patch_mode": "ImageDefault",
            "plan": [
              {
                "name": "9-lvm",
                "product": "rockylinux-x86_64",
                "publisher": "resf"
              }
            ],
            "platform_fault_domain": -1,
            "priority": "Regular",
            "private_ip_address": "10.0.4.4",
            "private_ip_addresses": [
              "10.0.4.4"
            ],
            "provision_vm_agent": true,
            "proximity_placement_group_id": "",
            "public_ip_address": "",
            "public_ip_addresses": [],
            "reboot_setting": "",
            "resource_group_name": "04-T1-www2",
            "secret": [],
            "secure_boot_enabled": false,
            "size": "Standard_B4as_v2",
            "source_image_id": "",
            "source_image_reference": [
              {
                "offer": "rockylinux-x86_64",
                "publisher": "resf",
                "sku": "9-lvm",
                "version": "9.3.20231113"
              }
            ],
            "tags": {},
            "termination_notification": [],
            "timeouts": null,
            "user_data": "IyEgL2Jpbi9iYXNoDQpzZXRlbmZvcmNlIDANCmdydWJieSAtLXVwZGF0ZS1rZXJuZWwgQUxMIC0tYXJncyBzZWxpbnV4PTANCmRuZiBpbnN0YWxsIC15IG15c3FsLXNlcnZlcg0Kc3lzdGVtY3RsIGVuYWJsZSAtLW5vdyBteXNxbGQNCm15c3FsIC11cm9vdCAtZSAiQ1JFQVRFIFVTRVIgJ3d3dydAJyUnIElERU5USUZJRUQgQlkgJ0l0MTIzNDUhJzsgR1JBTlQgQUxMIFBSSVZJTEVHRVMgT04gKi4qIFRPICd3d3cnQCclJzsgQ1JFQVRFIERBVEFCQVNFIHdvcmRwcmVzczsiDQoNCg==",
            "virtual_machine_id": "88bfa5b6-fa02-4503-b564-d4d5c64edb12",
            "virtual_machine_scale_set_id": "",
            "vm_agent_platform_updates_enabled": false,
            "vtpm_enabled": false,
            "zone": ""
          },
          "sensitive_attributes": [
            [
              {
                "type": "get_attr",
                "value": "admin_password"
              }
            ],
            [
              {
                "type": "get_attr",
                "value": "custom_data"
              }
            ]
          ],
          "identity_schema_version": 0,
          "private": "eyJlMmJmYjczMC1lY2FhLTExZTYtOGY4OC0zNDM2M2JjN2M0YzAiOnsiY3JlYXRlIjoyNzAwMDAwMDAwMDAwLCJkZWxldGUiOjI3MDAwMDAwMDAwMDAsInJlYWQiOjMwMDAwMDAwMDAwMCwidXBkYXRlIjoyNzAwMDAwMDAwMDAwfX0=",
          "dependencies": [
            "azurerm_network_interface.www_db_nic",
            "azurerm_resource_group.www_rg",
            "azurerm_subnet.www_db",
            "azurerm_virtual_network.www_vnet0"
          ]
        }
      ]
    },
    {
      "mode": "managed",
      "type": "azurerm_linux_virtual_machine",
      "name": "www_web1vm",
      "provider": "provider[\"registry.terraform.io/hashicorp/azurerm\"]",
      "instances": [
        {
          "schema_version": 0,
          "attributes": {
            "additional_capabilities": [],
            "admin_password": null,
            "admin_ssh_key": [
              {
                "public_key": "ssh-ed25519 AAAAC3NzaC1lZDI1NTE5AAAAIPQMz6pXp11KhT0hWvtjhfnWCxvVEauRhw7dTgunou4M \r\n",
                "username": "www"
              }
            ],
            "admin_username": "www",
            "allow_extension_operations": true,
            "availability_set_id": "",
            "boot_diagnostics": [
              {
                "storage_account_uri": ""
              }
            ],
            "bypass_platform_safety_checks_on_user_schedule_enabled": false,
            "capacity_reservation_group_id": "",
            "computer_name": "www2-web1vm",
            "custom_data": null,
            "dedicated_host_group_id": "",
            "dedicated_host_id": "",
            "disable_password_authentication": true,
            "disk_controller_type": "SCSI",
            "edge_zone": "",
            "encryption_at_host_enabled": false,
            "eviction_policy": "",
            "extensions_time_budget": "PT1H30M",
            "gallery_application": [],
            "id": "/subscriptions/99b79efe-ebd6-468c-b39f-5669acb259e1/resourceGroups/04-T1-www2/providers/Microsoft.Compute/virtualMachines/www2-web1vm",
            "identity": [],
            "license_type": "",
            "location": "koreacentral",
            "max_bid_price": -1,
            "name": "www2-web1vm",
            "network_interface_ids": [
              "/subscriptions/99b79efe-ebd6-468c-b39f-5669acb259e1/resourceGroups/04-T1-www2/providers/Microsoft.Network/networkInterfaces/www2-web1-nic"
            ],
            "os_disk": [
              {
                "caching": "ReadWrite",
                "diff_disk_settings": [],
                "disk_encryption_set_id": "",
                "disk_size_gb": 10,
                "id": "/subscriptions/99b79efe-ebd6-468c-b39f-5669acb259e1/resourceGroups/04-T1-www2/providers/Microsoft.Compute/disks/www2-web1vm_disk1_42d4302bc6234f83b3b49c6d6d3659e9",
                "name": "www2-web1vm_disk1_42d4302bc6234f83b3b49c6d6d3659e9",
                "secure_vm_disk_encryption_set_id": "",
                "security_encryption_type": "",
                "storage_account_type": "Standard_LRS",
                "write_accelerator_enabled": false
              }
            ],
            "os_image_notification": [],
            "os_managed_disk_id": "/subscriptions/99b79efe-ebd6-468c-b39f-5669acb259e1/resourceGroups/04-T1-www2/providers/Microsoft.Compute/disks/www2-web1vm_disk1_42d4302bc6234f83b3b49c6d6d3659e9",
            "patch_assessment_mode": "ImageDefault",
            "patch_mode": "ImageDefault",
            "plan": [
              {
                "name": "9-lvm",
                "product": "rockylinux-x86_64",
                "publisher": "resf"
              }
            ],
            "platform_fault_domain": -1,
            "priority": "Regular",
            "private_ip_address": "10.0.2.4",
            "private_ip_addresses": [
              "10.0.2.4"
            ],
            "provision_vm_agent": true,
            "proximity_placement_group_id": "",
            "public_ip_address": "",
            "public_ip_addresses": [],
            "reboot_setting": "",
            "resource_group_name": "04-T1-www2",
            "secret": [],
            "secure_boot_enabled": false,
            "size": "Standard_B1s",
            "source_image_id": "",
            "source_image_reference": [
              {
                "offer": "rockylinux-x86_64",
                "publisher": "resf",
                "sku": "9-lvm",
                "version": "9.3.20231113"
              }
            ],
            "tags": {},
            "termination_notification": [],
            "timeouts": null,
            "user_data": "IyEgL2Jpbi9iYXNoDQpzZXRlbmZvcmNlIDANCmdydWJieSAtLXVwZGF0ZS1rZXJuZWwgQUxMIC0tYXJncyBzZWxpbnV4PTANCmRuZiBpbnN0YWxsIC15IHdnZXQgaHR0cGQgcGhwIHBocC1nZCBwaHAtb3BjYWNoZSBwaHAtbXlzcWxuZA0Kd2dldCBodHRwczovL2tvLndvcmRwcmVzcy5vcmcvd29yZHByZXNzLTYuOC4zLWtvX0tSLnRhci5neg0KdGFyIHh2Znogd29yZHByZXNzLTYuOC4zLWtvX0tSLnRhci5neg0KY3AgLWFyIHdvcmRwcmVzcy8qIC92YXIvd3d3L2h0bWwNCnNlZCAtaSAncy9EaXJlY3RvcnlJbmRleCBpbmRleC5odG1sL0RpcmVjdG9yeUluZGV4IGluZGV4LnBocC9nJyAvZXRjL2h0dHBkL2NvbmYvaHR0cGQuY29uZg0KY3AgL3Zhci93d3cvaHRtbC93cC1jb25maWctc2FtcGxlLnBocCAvdmFyL3d3dy9odG1sL3dwLWNvbmZpZy5waHANCnNlZCAtaSAncy9kYXRhYmFzZV9uYW1lX2hlcmUvd29yZHByZXNzL2cnIC92YXIvd3d3L2h0bWwvd3AtY29uZmlnLnBocA0Kc2VkIC1pICdzL3VzZXJuYW1lX2hlcmUvaHliL2cnIC92YXIvd3d3L2h0bWwvd3AtY29uZmlnLnBocA0Kc2VkIC1pICdzL3Bhc3N3b3JkX2hlcmUvSXQxMjM0NSEvZycgL3Zhci93d3cvaHRtbC93cC1jb25maWcucGhwDQpzZWQgLWkgJ3MvbG9jYWxob3N0LzEwLjAuNS40L2cnIC92YXIvd3d3L2h0bWwvd3AtY29uZmlnLnBocA0KZWNobyAkSE9TVE5BTUUgPiAvdmFyL3d3dy9odG1sL2hlYWx0aC5odG1sDQpzeXN0ZW1jdGwgZW5hYmxlIC0tbm93IGh0dHBkDQoNCg0KU0VSVkVSX0hPU1ROQU1FPSQoaG9zdG5hbWUpDQoNCmNhdCA8PEVPRiA+IC92YXIvd3d3L2h0bWwvaW5kZXguaHRtbA0KPCFET0NUWVBFIGh0bWw+DQo8aHRtbCBsYW5nPSJrbyI+DQo8aGVhZD4NCiAgICA8bWV0YSBjaGFyc2V0PSJVVEYtOCI+DQogICAgPG1ldGEgbmFtZT0idmlld3BvcnQiIGNvbnRlbnQ9IndpZHRoPWRldmljZS13aWR0aCwgaW5pdGlhbC1zY2FsZT0xLjAiPg0KICAgIDx0aXRsZT5URUFNXzEg7ZmI7Y6Y7J207KeAPC90aXRsZT4NCiAgICA8c3R5bGU+DQogICAgICAgIC8qIOyghOyytCDquLDrs7gg7Iqk7YOA7J28ICovDQogICAgICAgIGJvZHkgew0KICAgICAgICAgICAgZm9udC1mYW1pbHk6IEFyaWFsLCBzYW5zLXNlcmlmOw0KICAgICAgICAgICAgbWFyZ2luOiAwOw0KICAgICAgICAgICAgcGFkZGluZzogMDsNCiAgICAgICAgICAgIGxpbmUtaGVpZ2h0OiAxLjY7DQogICAgICAgICAgICBjb2xvcjogIzIyMjsNCiAgICAgICAgICAgIC8qICoqW+uzgOqyveuQqF0qKiBib2R5IOuwsOqyveyDieydhCDtnbDsg4nsnLzroZwg6rOg7KCVIChDU1Psl5DshJwg7KeB7KCRIOyEpOyglSkgKi8NCiAgICAgICAgICAgIGJhY2tncm91bmQtY29sb3I6ICNmZmZmZmY7IA0KICAgICAgICB9DQoNCiAgICAgICAgLyog7IOB64uoIOyYgeyXrSAqLw0KICAgICAgICBoZWFkZXIgew0KICAgICAgICAgICAgLyogKipb67OA6rK965CoXSoqIOq4sOuzuCDrsLDqsr3sg4kg7ISk7KCVIChKU+yXkOyEnCDtmLjsiqTtirjrhKTsnoTsl5Ag65Sw6528IOuzgOqyveuQoCDsmIjsoJUpICovDQogICAgICAgICAgICBiYWNrZ3JvdW5kLWNvbG9yOiAjMDAwOyANCiAgICAgICAgICAgIGNvbG9yOiAjZmZmOw0KICAgICAgICAgICAgcGFkZGluZzogMjVweCAyMHB4Ow0KICAgICAgICAgICAgdGV4dC1hbGlnbjogY2VudGVyOw0KICAgICAgICAgICAgZm9udC1zaXplOiAyZW07DQogICAgICAgICAgICBmb250LXdlaWdodDogYm9sZDsNCiAgICAgICAgICAgIHBvc2l0aW9uOiByZWxhdGl2ZTsNCiAgICAgICAgfQ0KDQogICAgICAgIC8qIOyYpOuluOyqvSDsnIQg7Zi47Iqk7Yq464Sk7J6EIO2RnOyLnCAqLw0KICAgICAgICAjaG9zdG5hbWUtZGlzcGxheSB7DQogICAgICAgICAgICBwb3NpdGlvbjogYWJzb2x1dGU7DQogICAgICAgICAgICB0b3A6IDEwcHg7DQogICAgICAgICAgICByaWdodDogMjBweDsNCiAgICAgICAgICAgIGZvbnQtc2l6ZTogMC45ZW07DQogICAgICAgICAgICBjb2xvcjogI2ZmZjsNCiAgICAgICAgICAgIGJhY2tncm91bmQtY29sb3I6IHJnYmEoMCwwLDAsMC4zKTsNCiAgICAgICAgICAgIHBhZGRpbmc6IDRweCA4cHg7DQogICAgICAgICAgICBib3JkZXItcmFkaXVzOiA1cHg7DQogICAgICAgIH0NCg0KICAgICAgICAvKiDshLnshZgg6rO17Ya1IOyKpO2DgOydvCAqLw0KICAgICAgICBzZWN0aW9uIHsNCiAgICAgICAgICAgIHBhZGRpbmc6IDYwcHggMjBweDsNCiAgICAgICAgICAgIG1heC13aWR0aDogMTAwMHB4Ow0KICAgICAgICAgICAgbWFyZ2luOiBhdXRvOw0KICAgICAgICAgICAgY29sb3I6ICMyMjI7DQogICAgICAgICAgICAvKiAqKlvssLjqs6BdKiog7IS57IWYIOyekOyytOuKlCDtnbDsg4kg67Cw6rK97J2EIOycoOyngCAqLw0KICAgICAgICAgICAgYmFja2dyb3VuZC1jb2xvcjogI2ZmZmZmZjsgDQogICAgICAgIH0NCg0KICAgICAgICBzZWN0aW9uIGgyIHsNCiAgICAgICAgICAgIGJvcmRlci1ib3R0b206IDNweCBzb2xpZCAjNTU1Ow0KICAgICAgICAgICAgcGFkZGluZy1ib3R0b206IDEwcHg7DQogICAgICAgICAgICBtYXJnaW4tYm90dG9tOiAyNXB4Ow0KICAgICAgICAgICAgZm9udC1zaXplOiAxLjhlbTsNCiAgICAgICAgfQ0KDQogICAgICAgIC8qIOyCrOydtO2KuCDsl7DqsrAg66eB7YGsIOyKpO2DgOydvCAqLw0KICAgICAgICAubGlua3MgYSB7DQogICAgICAgICAgICBkaXNwbGF5OiBpbmxpbmUtYmxvY2s7DQogICAgICAgICAgICBtYXJnaW4tcmlnaHQ6IDE1cHg7DQogICAgICAgICAgICBtYXJnaW4tYm90dG9tOiAxMHB4Ow0KICAgICAgICAgICAgcGFkZGluZzogOHB4IDE1cHg7DQogICAgICAgICAgICBiYWNrZ3JvdW5kLWNvbG9yOiAjNDQ0Ow0KICAgICAgICAgICAgY29sb3I6ICNmZmY7DQogICAgICAgICAgICB0ZXh0LWRlY29yYXRpb246IG5vbmU7DQogICAgICAgICAgICBib3JkZXItcmFkaXVzOiA1cHg7DQogICAgICAgICAgICBmb250LXdlaWdodDogNTAwOw0KICAgICAgICAgICAgdHJhbnNpdGlvbjogMC4zczsNCiAgICAgICAgfQ0KDQogICAgICAgIC5saW5rcyBhOmhvdmVyIHsNCiAgICAgICAgICAgIGJhY2tncm91bmQtY29sb3I6ICMyMjI7DQogICAgICAgIH0NCg0KICAgICAgICAvKiDsnpDro4wg66as7Iqk7Yq4ICovDQogICAgICAgIC5yZXNvdXJjZXMgdWwgew0KICAgICAgICAgICAgbGlzdC1zdHlsZS10eXBlOiBzcXVhcmU7DQogICAgICAgICAgICBwYWRkaW5nLWxlZnQ6IDIwcHg7DQogICAgICAgIH0NCg0KICAgICAgICAucmVzb3VyY2VzIHVsIGxpIGEgew0KICAgICAgICAgICAgY29sb3I6ICMwMDA7DQogICAgICAgICAgICB0ZXh0LWRlY29yYXRpb246IG5vbmU7DQogICAgICAgICAgICB0cmFuc2l0aW9uOiAwLjNzOw0KICAgICAgICB9DQoNCiAgICAgICAgLnJlc291cmNlcyB1bCBsaSBhOmhvdmVyIHsNCiAgICAgICAgICAgIHRleHQtZGVjb3JhdGlvbjogdW5kZXJsaW5lOw0KICAgICAgICAgICAgY29sb3I6ICM1NTU7DQogICAgICAgIH0NCg0KICAgICAgICAvKiDrsJjsnZHtmJUgKi8NCiAgICAgICAgQG1lZGlhIChtYXgtd2lkdGg6IDYwMHB4KSB7DQogICAgICAgICAgICBoZWFkZXIgeyBmb250LXNpemU6IDEuNWVtOyBwYWRkaW5nOiAyMHB4IDEwcHg7IH0NCiAgICAgICAgICAgIHNlY3Rpb24geyBwYWRkaW5nOiA0MHB4IDE1cHg7IH0NCiAgICAgICAgICAgIC5saW5rcyBhIHsgcGFkZGluZzogNnB4IDEwcHg7IG1hcmdpbi1yaWdodDogMTBweDsgfQ0KICAgICAgICAgICAgI2hvc3RuYW1lLWRpc3BsYXkgeyBmb250LXNpemU6IDAuOGVtOyB0b3A6IDhweDsgcmlnaHQ6IDEwcHg7IH0NCiAgICAgICAgfQ0KICAgIDwvc3R5bGU+DQo8L2hlYWQ+DQo8Ym9keT4NCg0KICAgIDxoZWFkZXI+DQogICAgICAgIFRFQU1fMSBIT01FUEFHRQ0KICAgICAgICA8ZGl2IGlkPSJob3N0bmFtZS1kaXNwbGF5Ij48L2Rpdj4NCiAgICA8L2hlYWRlcj4NCg0KICAgIDxzZWN0aW9uIGlkPSJob21lIj4NCiAgICAgICAgPGgyPu2ZiDwvaDI+DQogICAgICAgIDxwPu2ZmOyYge2VqeuLiOuLpCEgVEVBTV8xIO2ZiO2OmOydtOyngOyXkCDsmKTsi6Ag6rKD7J2EIO2ZmOyYge2VqeuLiOuLpC48L3A+DQogICAgPC9zZWN0aW9uPg0KDQogICAgPHNlY3Rpb24gaWQ9ImxpbmtzIj4NCiAgICAgICAgPGgyPuyCrOydtO2KuCDsl7DqsrA8L2gyPg0KICAgICAgICA8ZGl2IGNsYXNzPSJsaW5rcyI+DQogICAgICAgICAgICA8YSBocmVmPSJodHRwczovL2dpdGh1Yi5jb20vZ2dqZzMzMDIwNC90ZWFtX3d3dyIgdGFyZ2V0PSJfYmxhbmsiIHRpdGxlPSJHaXRIdWIg7KCA7J6l7IaMIOyXtOq4sCI+R2l0SHViPC9hPg0KICAgICAgICAgICAgPGEgaHJlZj0iaHR0cHM6Ly9kb2NzLmdvb2dsZS5jb20vZG9jdW1lbnQvZC8xeVRObUlVTGVDc0Rrei1fSDFCSTlCVzNzWmJfakhEMmJodUtHYTc3c1FYRS9lZGl0P3VzcD1zaGFyaW5nIiB0YXJnZXQ9Il9ibGFuayIgdGl0bGU9Ikdvb2dsZSBEb2NzIOyXtOq4sCI+R29vZ2xlIERvY3M8L2E+DQogICAgICAgICAgICA8YSBocmVmPSJodHRwczovL2RvY3MuZ29vZ2xlLmNvbS9wcmVzZW50YXRpb24vZC8xUE9NMmZlT1I2dGI2b2xsQkFmWU1JdmdrSEF0d2VkOWlBT3FsenFJSGN3cy9lZGl0P3VzcD1zaGFyaW5nIiB0YXJnZXQ9Il9ibGFuayIgdGl0bGU9Ikdvb2dsZSBTbGlkZSDsl7TquLAiPkdvb2dsZSBTbGlkZTwvYT4NCiAgICAgICAgPC9kaXY+DQogICAgPC9zZWN0aW9uPg0KDQogICAgPHNlY3Rpb24gaWQ9InJlc291cmNlcyI+DQogICAgICAgIDxoMj7tj6ztirjtj7TrpqzsmKQ8L2gyPg0KICAgICAgICA8ZGl2IGNsYXNzPSJyZXNvdXJjZXMiPg0KICAgICAgICAgICAgPHVsPg0KICAgICAgICAgICAgICAgIDxsaT48YSBocmVmPSIjIiB0aXRsZT0i7J206riw7ZuIIOyekOujjCDri6TsmrTroZzrk5wiPuydtOq4sO2biDwvYT48L2xpPg0KICAgICAgICAgICAgICAgIDxsaT48YSBocmVmPSIjIiB0aXRsZT0i7J6Q66OMIDIg64uk7Jq066Gc65OcIj7snpDro4wgMjwvYT48L2xpPg0KICAgICAgICAgICAgICAgIDxsaT48YSBocmVmPSIjIiB0aXRsZT0i7J6Q66OMIDMg64uk7Jq066Gc65OcIj7snpDro4wgMzwvYT48L2xpPg0KICAgICAgICAgICAgPC91bD4NCiAgICAgICAgPC9kaXY+DQogICAgPC9zZWN0aW9uPg0KDQogICAgPHNjcmlwdD4NCiAgICAgICAgLy8gPT09PT09PT09PT09PT09PT09PT09PT09PT09PT09PT09PT09PT09PT09PT09DQogICAgICAgIC8vIDEuIO2FjOyKpO2KuOyaqSDtmLjsiqTtirjrhKTsnoQgKFBDIDHrjIDsl5DshJwg7YWM7Iqk7Yq47ZWgIOuVjCkNCiAgICAgICAgLy9jb25zdCBURVNUX0hPU1ROQU1FID0gInd3dy13ZWIiO8KgDQogICAgICAgIC8vY29uc3QgVEVTVF9IT1NUTkFNRSA9ICJ3d3ctdm1zczAwMDAwMSI7wqANCiAgICAgICAgLy9jb25zdCBURVNUX0hPU1ROQU1FID0gInd3dy12bXNzMDAwMDAzIjvCoA0KICAgICAgICAvLyBURVNUX0hPU1ROQU1FIOqwkuydhCDrsJTqv5TqsIDrqbAg7IOJ7IOBIO2ZleyduCDqsIDriqUgKOyYiDogJ3d3dy12bXNzMDAwMDAxJyAtPiDruajqsJUpDQogICAgICAgIC8vID09PT09PT09PT09PT09PT09PT09PT09PT09PT09PT09PT09PT09PT09PT09PQ0KDQogICAgICAgIC8vIDIuIOyLpOygnCDtjpjsnbTsp4Dsl5DshJzripQg7ISc67KE7JeQ7IScIO2YuOyKpO2KuOuEpOyehOydhCDso7zsnoUNCiAgICAgICAgY29uc3QgaG9zdG5hbWUgPSAnJHtTRVJWRVJfSE9TVE5BTUV9JzsgLy8g7Iuk7KCcIOyEnOuyhOyXkOyEnCDso7zsnoUg7IucIOyjvOyEnSDtlbTsoJwNCiAgICAgICAgLy8gY29uc3QgaG9zdG5hbWUgPSBURVNUX0hPU1ROQU1FOyAvLyDthYzsiqTtirgg7IucIOyjvOyEnSDtlbTsoJwNCg0KICAgICAgICAvLyDslYTrnpgg65287J24IO2VmOuCmOuhnCDthYzsiqTtirgv7Iuk7KCcIOyJveqyjCDsoITtmZgg6rCA64qlDQogICAgICAgIC8vY29uc3QgaG9zdG5hbWUgPSBURVNUX0hPU1ROQU1FOw0KDQogICAgICAgIC8vIOyYpOuluOyqvSDsnIQg7Zi47Iqk7Yq464Sk7J6EIO2RnOyLnA0KICAgICAgICBkb2N1bWVudC5nZXRFbGVtZW50QnlJZCgiaG9zdG5hbWUtZGlzcGxheSIpLnRleHRDb250ZW50ID0gaG9zdG5hbWU7DQoNCiAgICAgICAgLy8g66y07KeA6rCcIOyDieyDgSDrsLDsl7QNCiBjb25zdCByYWluYm93Q29sb3JzID0gWw0KwqAgwqAgwqAgwqAgIiNGRjk5OTkiLCAvLyAwOiDsl7DtlZwg67mo6rCVDQrCoCDCoCDCoCDCoCDCoCDCoCAiI0ZGQzk5OSIsIC8vIDE6IOyXsO2VnCDso7ztmakNCsKgIMKgIMKgIMKgIMKgIMKgICIjRkZGRjk5IiwgLy8gMjog7Jew7ZWcIOuFuOuekQ0KwqAgwqAgwqAgwqAgwqAgwqAgIiM5OUZGOTkiLCAvLyAzOiDsl7DtlZwg7LSI66GdDQrCoCDCoCDCoCDCoCDCoCDCoCAiIzk5OTlGRiIsIC8vIDQ6IOyXsO2VnCDtjIzrnpENCsKgIMKgIMKgIMKgIMKgIMKgICIjQTM5OUM4IiwgLy8gNTog7Jew7ZWcIOuCqOyDiQ0KwqAgwqAgwqAgwqAgwqAgwqAgIiNDODk5RkYiwqAgLy8gNjog7Jew7ZWcIOuztOudvA0KwqAgwqAgwqAgwqAgXTsNCg0KwqAgwqAgwqAgwqAgbGV0IHNlbGVjdGVkQ29sb3IgPSAiIzAwMDAwMCI7IC8vIOq4sOuzuCDqsoDsoJXsg4kNCiAgICAgICAgbGV0IGluc3RhbmNlTnVtYmVyID0gbnVsbDsgLy8g7J247Iqk7YS07IqkIOuyiO2YuOulvCDsoIDsnqXtlaAg67OA7IiYDQoNCiAgICAgICAgLy8gMS4gd3d3LSDsoJHrkZDsgqzsl5Ag6rSA6rOE7JeG7J20IFvsoJHrkZDsgqxdLXZtc3NbNuyekOumrCDsiKvsnpBdIO2MqO2EtCDsspjrpqwNCiAgICAgICAgaWYgKC8tdm1zc1xkezZ9JC8udGVzdChob3N0bmFtZSkpIHsNCiAgICAgICAgICAgIC8vIO2YuOyKpO2KuOuEpOyehCDrgZ0gNuyekOumrCDsiKvsnpDrpbwg7LaU7LacDQogICAgICAgICAgICBjb25zdCBtYXRjaCA9IGhvc3RuYW1lLm1hdGNoKC9cZHs2fSQvKTsNCiAgICAgICAgICAgIGlmIChtYXRjaCkgew0KICAgICAgICAgICAgICAgIC8vIDbsnpDrpqwg7Iir7J6Q66W8IOygleyImOuhnCDrs4DtmZggKOyYiDogMDAwMDAxIC0+IDEpDQogICAgICAgICAgICAgICAgaW5zdGFuY2VOdW1iZXIgPSBwYXJzZUludChtYXRjaFswXSwgMTApOw0KICAgICAgICAgICAgfQ0KICAgICAgICB9IA0KICAgICAgICANCiAgICAgICAgLy8gMi4gd3d3LSDsoJHrkZDsgqzsl5Ag6rSA6rOE7JeG7J20IFvsoJHrkZDsgqxdLXdlYlvsiKvsnpBddm0g7Yyo7YS0IOyymOumrA0KICAgICAgICBlbHNlIGlmICgvLXdlYlxkK3ZtJC8udGVzdChob3N0bmFtZSkpIHsNCiAgICAgICAgICAgIC8vIHdlYuqzvCB2bSDsgqzsnbTsl5Ag7J6I64qUIOyIq+yekOulvCDstpTstpwNCiAgICAgICAgICAgIGNvbnN0IG1hdGNoID0gaG9zdG5hbWUubWF0Y2goL3dlYihcZCspdm0kLyk7DQogICAgICAgICAgICBpZiAobWF0Y2ggJiYgbWF0Y2hbMV0pIHsNCiAgICAgICAgICAgICAgICAvLyDsiKvsnpDrpbwg7KCV7IiY66GcIOuzgO2ZmCAo7JiIOiB3ZWIxdm0gLT4gMSkNCiAgICAgICAgICAgICAgICBpbnN0YW5jZU51bWJlciA9IHBhcnNlSW50KG1hdGNoWzFdLCAxMCk7DQogICAgICAgICAgICB9DQogICAgICAgIH0NCiAgICAgICAgDQogICAgICAgIC8vIOyduOyKpO2EtOyKpCDrsojtmLjqsIAg7Jyg7Zqo7ZWgIOqyveyasCDsg4nsg4Eg7ZWg64u5DQogICAgICAgIGlmIChpbnN0YW5jZU51bWJlciAhPT0gbnVsbCAmJiBpbnN0YW5jZU51bWJlciA+IDApIHsNCiAgICAgICAgICAgIC8vIOyIq+yekOulvCDrsLDsl7Qg6ri47J2066GcIOuCmOuIiCDrgpjrqLjsp4DroZwg7J24642x7IqkIOqysOyglSAo7Iic7ZmYKQ0KICAgICAgICAgICAgLy8g7J24642x7Iqk64qUIDDrtoDthLAg7Iuc7J6R7ZWY66+A66GcLCAx67KIIOyduOyKpO2EtOyKpOuKlCAw67KIIOyduOuNseyKpOyXkCDrp6TtlZHrkJjrj4TroZ0gLTHsnYQg7IKs7JqpDQogICAgICAgICAgICBjb25zdCBjb2xvckluZGV4ID0gKGluc3RhbmNlTnVtYmVyIC0gMSkgJSByYWluYm93Q29sb3JzLmxlbmd0aDsNCiAgICAgICAgICAgIHNlbGVjdGVkQ29sb3IgPSByYWluYm93Q29sb3JzW2NvbG9ySW5kZXhdOw0KICAgICAgICB9DQoNCsKgIMKgIMKgIMKgIC8vICoqW+uzgOqyveuQqF0qKiBib2R56rCAIOyVhOuLjCBoZWFkZXIg67Cw6rK97IOJIOyggeyaqQ0KwqAgwqAgwqAgwqAgZG9jdW1lbnQucXVlcnlTZWxlY3RvcignaGVhZGVyJykuc3R5bGUuYmFja2dyb3VuZENvbG9yID0gc2VsZWN0ZWRDb2xvcjsgICAgPC9zY3JpcHQ+DQoNCjwvYm9keT4NCjwvaHRtbD4NCkVPRg==",
            "virtual_machine_id": "a4b73a2d-ede0-46a0-8c2f-fe4e01dc0027",
            "virtual_machine_scale_set_id": "",
            "vm_agent_platform_updates_enabled": false,
            "vtpm_enabled": false,
            "zone": ""
          },
          "sensitive_attributes": [
            [
              {
                "type": "get_attr",
                "value": "admin_password"
              }
            ],
            [
              {
                "type": "get_attr",
                "value": "custom_data"
              }
            ]
          ],
          "identity_schema_version": 0,
          "private": "eyJlMmJmYjczMC1lY2FhLTExZTYtOGY4OC0zNDM2M2JjN2M0YzAiOnsiY3JlYXRlIjoyNzAwMDAwMDAwMDAwLCJkZWxldGUiOjI3MDAwMDAwMDAwMDAsInJlYWQiOjMwMDAwMDAwMDAwMCwidXBkYXRlIjoyNzAwMDAwMDAwMDAwfX0=",
          "dependencies": [
            "azurerm_network_interface.www_web1_nic",
            "azurerm_resource_group.www_rg",
            "azurerm_subnet.www_web1",
            "azurerm_virtual_network.www_vnet0"
          ]
        }
      ]
    },
    {
      "mode": "managed",
      "type": "azurerm_linux_virtual_machine",
      "name": "www_web2vm",
      "provider": "provider[\"registry.terraform.io/hashicorp/azurerm\"]",
      "instances": [
        {
          "schema_version": 0,
          "attributes": {
            "additional_capabilities": [],
            "admin_password": null,
            "admin_ssh_key": [
              {
                "public_key": "ssh-ed25519 AAAAC3NzaC1lZDI1NTE5AAAAIPQMz6pXp11KhT0hWvtjhfnWCxvVEauRhw7dTgunou4M \r\n",
                "username": "www"
              }
            ],
            "admin_username": "www",
            "allow_extension_operations": true,
            "availability_set_id": "",
            "boot_diagnostics": [
              {
                "storage_account_uri": ""
              }
            ],
            "bypass_platform_safety_checks_on_user_schedule_enabled": false,
            "capacity_reservation_group_id": "",
            "computer_name": "www2-web2vm",
            "custom_data": null,
            "dedicated_host_group_id": "",
            "dedicated_host_id": "",
            "disable_password_authentication": true,
            "disk_controller_type": "SCSI",
            "edge_zone": "",
            "encryption_at_host_enabled": false,
            "eviction_policy": "",
            "extensions_time_budget": "PT1H30M",
            "gallery_application": [],
            "id": "/subscriptions/99b79efe-ebd6-468c-b39f-5669acb259e1/resourceGroups/04-T1-www2/providers/Microsoft.Compute/virtualMachines/www2-web2vm",
            "identity": [
              {
                "identity_ids": [],
                "principal_id": "5abd19ca-cd0b-4c26-969d-4c5f4f65624f",
                "tenant_id": "548e9ef4-b1d5-48fa-b220-59f52d6db511",
                "type": "SystemAssigned"
              }
            ],
            "license_type": "",
            "location": "koreacentral",
            "max_bid_price": -1,
            "name": "www2-web2vm",
            "network_interface_ids": [
              "/subscriptions/99b79efe-ebd6-468c-b39f-5669acb259e1/resourceGroups/04-T1-www2/providers/Microsoft.Network/networkInterfaces/www2-web2-nic"
            ],
            "os_disk": [
              {
                "caching": "ReadWrite",
                "diff_disk_settings": [],
                "disk_encryption_set_id": "",
                "disk_size_gb": 10,
                "id": "/subscriptions/99b79efe-ebd6-468c-b39f-5669acb259e1/resourceGroups/04-T1-www2/providers/Microsoft.Compute/disks/www2-web2vm_disk1_338fb01a53234da6a04b81186ce63664",
                "name": "www2-web2vm_disk1_338fb01a53234da6a04b81186ce63664",
                "secure_vm_disk_encryption_set_id": "",
                "security_encryption_type": "",
                "storage_account_type": "Standard_LRS",
                "write_accelerator_enabled": false
              }
            ],
            "os_image_notification": [],
            "os_managed_disk_id": "/subscriptions/99b79efe-ebd6-468c-b39f-5669acb259e1/resourceGroups/04-T1-www2/providers/Microsoft.Compute/disks/www2-web2vm_disk1_338fb01a53234da6a04b81186ce63664",
            "patch_assessment_mode": "ImageDefault",
            "patch_mode": "ImageDefault",
            "plan": [
              {
                "name": "9-lvm",
                "product": "rockylinux-x86_64",
                "publisher": "resf"
              }
            ],
            "platform_fault_domain": -1,
            "priority": "Regular",
            "private_ip_address": "10.0.3.4",
            "private_ip_addresses": [
              "10.0.3.4"
            ],
            "provision_vm_agent": true,
            "proximity_placement_group_id": "",
            "public_ip_address": "",
            "public_ip_addresses": [],
            "reboot_setting": "",
            "resource_group_name": "04-T1-www2",
            "secret": [],
            "secure_boot_enabled": false,
            "size": "Standard_B4as_v2",
            "source_image_id": "",
            "source_image_reference": [
              {
                "offer": "rockylinux-x86_64",
                "publisher": "resf",
                "sku": "9-lvm",
                "version": "9.3.20231113"
              }
            ],
            "tags": {},
            "termination_notification": [],
            "timeouts": null,
            "user_data": "IyEgL2Jpbi9iYXNoDQpzZXRlbmZvcmNlIDANCmdydWJieSAtLXVwZGF0ZS1rZXJuZWwgQUxMIC0tYXJncyBzZWxpbnV4PTANCmRuZiBpbnN0YWxsIC15IHdnZXQgaHR0cGQgcGhwIHBocC1nZCBwaHAtb3BjYWNoZSBwaHAtbXlzcWxuZA0Kd2dldCBodHRwczovL2tvLndvcmRwcmVzcy5vcmcvd29yZHByZXNzLTYuOC4zLWtvX0tSLnRhci5neg0KdGFyIHh2Znogd29yZHByZXNzLTYuOC4zLWtvX0tSLnRhci5neg0KY3AgLWFyIHdvcmRwcmVzcy8qIC92YXIvd3d3L2h0bWwNCnNlZCAtaSAncy9EaXJlY3RvcnlJbmRleCBpbmRleC5odG1sL0RpcmVjdG9yeUluZGV4IGluZGV4LnBocC9nJyAvZXRjL2h0dHBkL2NvbmYvaHR0cGQuY29uZg0KY3AgL3Zhci93d3cvaHRtbC93cC1jb25maWctc2FtcGxlLnBocCAvdmFyL3d3dy9odG1sL3dwLWNvbmZpZy5waHANCnNlZCAtaSAncy9kYXRhYmFzZV9uYW1lX2hlcmUvd29yZHByZXNzL2cnIC92YXIvd3d3L2h0bWwvd3AtY29uZmlnLnBocA0Kc2VkIC1pICdzL3VzZXJuYW1lX2hlcmUvaHliL2cnIC92YXIvd3d3L2h0bWwvd3AtY29uZmlnLnBocA0Kc2VkIC1pICdzL3Bhc3N3b3JkX2hlcmUvSXQxMjM0NSEvZycgL3Zhci93d3cvaHRtbC93cC1jb25maWcucGhwDQpzZWQgLWkgJ3MvbG9jYWxob3N0LzEwLjAuNS40L2cnIC92YXIvd3d3L2h0bWwvd3AtY29uZmlnLnBocA0KZWNobyAkSE9TVE5BTUUgPiAvdmFyL3d3dy9odG1sL2hlYWx0aC5odG1sDQpzeXN0ZW1jdGwgZW5hYmxlIC0tbm93IGh0dHBkDQoNCg0KU0VSVkVSX0hPU1ROQU1FPSQoaG9zdG5hbWUpDQoNCmNhdCA8PEVPRiA+IC92YXIvd3d3L2h0bWwvaW5kZXguaHRtbA0KPCFET0NUWVBFIGh0bWw+DQo8aHRtbCBsYW5nPSJrbyI+DQo8aGVhZD4NCiAgICA8bWV0YSBjaGFyc2V0PSJVVEYtOCI+DQogICAgPG1ldGEgbmFtZT0idmlld3BvcnQiIGNvbnRlbnQ9IndpZHRoPWRldmljZS13aWR0aCwgaW5pdGlhbC1zY2FsZT0xLjAiPg0KICAgIDx0aXRsZT5URUFNXzEg7ZmI7Y6Y7J207KeAPC90aXRsZT4NCiAgICA8c3R5bGU+DQogICAgICAgIC8qIOyghOyytCDquLDrs7gg7Iqk7YOA7J28ICovDQogICAgICAgIGJvZHkgew0KICAgICAgICAgICAgZm9udC1mYW1pbHk6IEFyaWFsLCBzYW5zLXNlcmlmOw0KICAgICAgICAgICAgbWFyZ2luOiAwOw0KICAgICAgICAgICAgcGFkZGluZzogMDsNCiAgICAgICAgICAgIGxpbmUtaGVpZ2h0OiAxLjY7DQogICAgICAgICAgICBjb2xvcjogIzIyMjsNCiAgICAgICAgICAgIC8qICoqW+uzgOqyveuQqF0qKiBib2R5IOuwsOqyveyDieydhCDtnbDsg4nsnLzroZwg6rOg7KCVIChDU1Psl5DshJwg7KeB7KCRIOyEpOyglSkgKi8NCiAgICAgICAgICAgIGJhY2tncm91bmQtY29sb3I6ICNmZmZmZmY7IA0KICAgICAgICB9DQoNCiAgICAgICAgLyog7IOB64uoIOyYgeyXrSAqLw0KICAgICAgICBoZWFkZXIgew0KICAgICAgICAgICAgLyogKipb67OA6rK965CoXSoqIOq4sOuzuCDrsLDqsr3sg4kg7ISk7KCVIChKU+yXkOyEnCDtmLjsiqTtirjrhKTsnoTsl5Ag65Sw6528IOuzgOqyveuQoCDsmIjsoJUpICovDQogICAgICAgICAgICBiYWNrZ3JvdW5kLWNvbG9yOiAjMDAwOyANCiAgICAgICAgICAgIGNvbG9yOiAjZmZmOw0KICAgICAgICAgICAgcGFkZGluZzogMjVweCAyMHB4Ow0KICAgICAgICAgICAgdGV4dC1hbGlnbjogY2VudGVyOw0KICAgICAgICAgICAgZm9udC1zaXplOiAyZW07DQogICAgICAgICAgICBmb250LXdlaWdodDogYm9sZDsNCiAgICAgICAgICAgIHBvc2l0aW9uOiByZWxhdGl2ZTsNCiAgICAgICAgfQ0KDQogICAgICAgIC8qIOyYpOuluOyqvSDsnIQg7Zi47Iqk7Yq464Sk7J6EIO2RnOyLnCAqLw0KICAgICAgICAjaG9zdG5hbWUtZGlzcGxheSB7DQogICAgICAgICAgICBwb3NpdGlvbjogYWJzb2x1dGU7DQogICAgICAgICAgICB0b3A6IDEwcHg7DQogICAgICAgICAgICByaWdodDogMjBweDsNCiAgICAgICAgICAgIGZvbnQtc2l6ZTogMC45ZW07DQogICAgICAgICAgICBjb2xvcjogI2ZmZjsNCiAgICAgICAgICAgIGJhY2tncm91bmQtY29sb3I6IHJnYmEoMCwwLDAsMC4zKTsNCiAgICAgICAgICAgIHBhZGRpbmc6IDRweCA4cHg7DQogICAgICAgICAgICBib3JkZXItcmFkaXVzOiA1cHg7DQogICAgICAgIH0NCg0KICAgICAgICAvKiDshLnshZgg6rO17Ya1IOyKpO2DgOydvCAqLw0KICAgICAgICBzZWN0aW9uIHsNCiAgICAgICAgICAgIHBhZGRpbmc6IDYwcHggMjBweDsNCiAgICAgICAgICAgIG1heC13aWR0aDogMTAwMHB4Ow0KICAgICAgICAgICAgbWFyZ2luOiBhdXRvOw0KICAgICAgICAgICAgY29sb3I6ICMyMjI7DQogICAgICAgICAgICAvKiAqKlvssLjqs6BdKiog7IS57IWYIOyekOyytOuKlCDtnbDsg4kg67Cw6rK97J2EIOycoOyngCAqLw0KICAgICAgICAgICAgYmFja2dyb3VuZC1jb2xvcjogI2ZmZmZmZjsgDQogICAgICAgIH0NCg0KICAgICAgICBzZWN0aW9uIGgyIHsNCiAgICAgICAgICAgIGJvcmRlci1ib3R0b206IDNweCBzb2xpZCAjNTU1Ow0KICAgICAgICAgICAgcGFkZGluZy1ib3R0b206IDEwcHg7DQogICAgICAgICAgICBtYXJnaW4tYm90dG9tOiAyNXB4Ow0KICAgICAgICAgICAgZm9udC1zaXplOiAxLjhlbTsNCiAgICAgICAgfQ0KDQogICAgICAgIC8qIOyCrOydtO2KuCDsl7DqsrAg66eB7YGsIOyKpO2DgOydvCAqLw0KICAgICAgICAubGlua3MgYSB7DQogICAgICAgICAgICBkaXNwbGF5OiBpbmxpbmUtYmxvY2s7DQogICAgICAgICAgICBtYXJnaW4tcmlnaHQ6IDE1cHg7DQogICAgICAgICAgICBtYXJnaW4tYm90dG9tOiAxMHB4Ow0KICAgICAgICAgICAgcGFkZGluZzogOHB4IDE1cHg7DQogICAgICAgICAgICBiYWNrZ3JvdW5kLWNvbG9yOiAjNDQ0Ow0KICAgICAgICAgICAgY29sb3I6ICNmZmY7DQogICAgICAgICAgICB0ZXh0LWRlY29yYXRpb246IG5vbmU7DQogICAgICAgICAgICBib3JkZXItcmFkaXVzOiA1cHg7DQogICAgICAgICAgICBmb250LXdlaWdodDogNTAwOw0KICAgICAgICAgICAgdHJhbnNpdGlvbjogMC4zczsNCiAgICAgICAgfQ0KDQogICAgICAgIC5saW5rcyBhOmhvdmVyIHsNCiAgICAgICAgICAgIGJhY2tncm91bmQtY29sb3I6ICMyMjI7DQogICAgICAgIH0NCg0KICAgICAgICAvKiDsnpDro4wg66as7Iqk7Yq4ICovDQogICAgICAgIC5yZXNvdXJjZXMgdWwgew0KICAgICAgICAgICAgbGlzdC1zdHlsZS10eXBlOiBzcXVhcmU7DQogICAgICAgICAgICBwYWRkaW5nLWxlZnQ6IDIwcHg7DQogICAgICAgIH0NCg0KICAgICAgICAucmVzb3VyY2VzIHVsIGxpIGEgew0KICAgICAgICAgICAgY29sb3I6ICMwMDA7DQogICAgICAgICAgICB0ZXh0LWRlY29yYXRpb246IG5vbmU7DQogICAgICAgICAgICB0cmFuc2l0aW9uOiAwLjNzOw0KICAgICAgICB9DQoNCiAgICAgICAgLnJlc291cmNlcyB1bCBsaSBhOmhvdmVyIHsNCiAgICAgICAgICAgIHRleHQtZGVjb3JhdGlvbjogdW5kZXJsaW5lOw0KICAgICAgICAgICAgY29sb3I6ICM1NTU7DQogICAgICAgIH0NCg0KICAgICAgICAvKiDrsJjsnZHtmJUgKi8NCiAgICAgICAgQG1lZGlhIChtYXgtd2lkdGg6IDYwMHB4KSB7DQogICAgICAgICAgICBoZWFkZXIgeyBmb250LXNpemU6IDEuNWVtOyBwYWRkaW5nOiAyMHB4IDEwcHg7IH0NCiAgICAgICAgICAgIHNlY3Rpb24geyBwYWRkaW5nOiA0MHB4IDE1cHg7IH0NCiAgICAgICAgICAgIC5saW5rcyBhIHsgcGFkZGluZzogNnB4IDEwcHg7IG1hcmdpbi1yaWdodDogMTBweDsgfQ0KICAgICAgICAgICAgI2hvc3RuYW1lLWRpc3BsYXkgeyBmb250LXNpemU6IDAuOGVtOyB0b3A6IDhweDsgcmlnaHQ6IDEwcHg7IH0NCiAgICAgICAgfQ0KICAgIDwvc3R5bGU+DQo8L2hlYWQ+DQo8Ym9keT4NCg0KICAgIDxoZWFkZXI+DQogICAgICAgIFRFQU1fMSBIT01FUEFHRQ0KICAgICAgICA8ZGl2IGlkPSJob3N0bmFtZS1kaXNwbGF5Ij48L2Rpdj4NCiAgICA8L2hlYWRlcj4NCg0KICAgIDxzZWN0aW9uIGlkPSJob21lIj4NCiAgICAgICAgPGgyPu2ZiDwvaDI+DQogICAgICAgIDxwPu2ZmOyYge2VqeuLiOuLpCEgVEVBTV8xIO2ZiO2OmOydtOyngOyXkCDsmKTsi6Ag6rKD7J2EIO2ZmOyYge2VqeuLiOuLpC48L3A+DQogICAgPC9zZWN0aW9uPg0KDQogICAgPHNlY3Rpb24gaWQ9ImxpbmtzIj4NCiAgICAgICAgPGgyPuyCrOydtO2KuCDsl7DqsrA8L2gyPg0KICAgICAgICA8ZGl2IGNsYXNzPSJsaW5rcyI+DQogICAgICAgICAgICA8YSBocmVmPSJodHRwczovL2dpdGh1Yi5jb20vZ2dqZzMzMDIwNC90ZWFtX3d3dyIgdGFyZ2V0PSJfYmxhbmsiIHRpdGxlPSJHaXRIdWIg7KCA7J6l7IaMIOyXtOq4sCI+R2l0SHViPC9hPg0KICAgICAgICAgICAgPGEgaHJlZj0iaHR0cHM6Ly9kb2NzLmdvb2dsZS5jb20vZG9jdW1lbnQvZC8xeVRObUlVTGVDc0Rrei1fSDFCSTlCVzNzWmJfakhEMmJodUtHYTc3c1FYRS9lZGl0P3VzcD1zaGFyaW5nIiB0YXJnZXQ9Il9ibGFuayIgdGl0bGU9Ikdvb2dsZSBEb2NzIOyXtOq4sCI+R29vZ2xlIERvY3M8L2E+DQogICAgICAgICAgICA8YSBocmVmPSJodHRwczovL2RvY3MuZ29vZ2xlLmNvbS9wcmVzZW50YXRpb24vZC8xUE9NMmZlT1I2dGI2b2xsQkFmWU1JdmdrSEF0d2VkOWlBT3FsenFJSGN3cy9lZGl0P3VzcD1zaGFyaW5nIiB0YXJnZXQ9Il9ibGFuayIgdGl0bGU9Ikdvb2dsZSBTbGlkZSDsl7TquLAiPkdvb2dsZSBTbGlkZTwvYT4NCiAgICAgICAgPC9kaXY+DQogICAgPC9zZWN0aW9uPg0KDQogICAgPHNlY3Rpb24gaWQ9InJlc291cmNlcyI+DQogICAgICAgIDxoMj7tj6ztirjtj7TrpqzsmKQ8L2gyPg0KICAgICAgICA8ZGl2IGNsYXNzPSJyZXNvdXJjZXMiPg0KICAgICAgICAgICAgPHVsPg0KICAgICAgICAgICAgICAgIDxsaT48YSBocmVmPSIjIiB0aXRsZT0i7J206riw7ZuIIOyekOujjCDri6TsmrTroZzrk5wiPuydtOq4sO2biDwvYT48L2xpPg0KICAgICAgICAgICAgICAgIDxsaT48YSBocmVmPSIjIiB0aXRsZT0i7J6Q66OMIDIg64uk7Jq066Gc65OcIj7snpDro4wgMjwvYT48L2xpPg0KICAgICAgICAgICAgICAgIDxsaT48YSBocmVmPSIjIiB0aXRsZT0i7J6Q66OMIDMg64uk7Jq066Gc65OcIj7snpDro4wgMzwvYT48L2xpPg0KICAgICAgICAgICAgPC91bD4NCiAgICAgICAgPC9kaXY+DQogICAgPC9zZWN0aW9uPg0KDQogICAgPHNjcmlwdD4NCiAgICAgICAgLy8gPT09PT09PT09PT09PT09PT09PT09PT09PT09PT09PT09PT09PT09PT09PT09DQogICAgICAgIC8vIDEuIO2FjOyKpO2KuOyaqSDtmLjsiqTtirjrhKTsnoQgKFBDIDHrjIDsl5DshJwg7YWM7Iqk7Yq47ZWgIOuVjCkNCiAgICAgICAgLy9jb25zdCBURVNUX0hPU1ROQU1FID0gInd3dy13ZWIiO8KgDQogICAgICAgIC8vY29uc3QgVEVTVF9IT1NUTkFNRSA9ICJ3d3ctdm1zczAwMDAwMSI7wqANCiAgICAgICAgLy9jb25zdCBURVNUX0hPU1ROQU1FID0gInd3dy12bXNzMDAwMDAzIjvCoA0KICAgICAgICAvLyBURVNUX0hPU1ROQU1FIOqwkuydhCDrsJTqv5TqsIDrqbAg7IOJ7IOBIO2ZleyduCDqsIDriqUgKOyYiDogJ3d3dy12bXNzMDAwMDAxJyAtPiDruajqsJUpDQogICAgICAgIC8vID09PT09PT09PT09PT09PT09PT09PT09PT09PT09PT09PT09PT09PT09PT09PQ0KDQogICAgICAgIC8vIDIuIOyLpOygnCDtjpjsnbTsp4Dsl5DshJzripQg7ISc67KE7JeQ7IScIO2YuOyKpO2KuOuEpOyehOydhCDso7zsnoUNCiAgICAgICAgY29uc3QgaG9zdG5hbWUgPSAnJHtTRVJWRVJfSE9TVE5BTUV9JzsgLy8g7Iuk7KCcIOyEnOuyhOyXkOyEnCDso7zsnoUg7IucIOyjvOyEnSDtlbTsoJwNCiAgICAgICAgLy8gY29uc3QgaG9zdG5hbWUgPSBURVNUX0hPU1ROQU1FOyAvLyDthYzsiqTtirgg7IucIOyjvOyEnSDtlbTsoJwNCg0KICAgICAgICAvLyDslYTrnpgg65287J24IO2VmOuCmOuhnCDthYzsiqTtirgv7Iuk7KCcIOyJveqyjCDsoITtmZgg6rCA64qlDQogICAgICAgIC8vY29uc3QgaG9zdG5hbWUgPSBURVNUX0hPU1ROQU1FOw0KDQogICAgICAgIC8vIOyYpOuluOyqvSDsnIQg7Zi47Iqk7Yq464Sk7J6EIO2RnOyLnA0KICAgICAgICBkb2N1bWVudC5nZXRFbGVtZW50QnlJZCgiaG9zdG5hbWUtZGlzcGxheSIpLnRleHRDb250ZW50ID0gaG9zdG5hbWU7DQoNCiAgICAgICAgLy8g66y07KeA6rCcIOyDieyDgSDrsLDsl7QNCiBjb25zdCByYWluYm93Q29sb3JzID0gWw0KwqAgwqAgwqAgwqAgIiNGRjk5OTkiLCAvLyAwOiDsl7DtlZwg67mo6rCVDQrCoCDCoCDCoCDCoCDCoCDCoCAiI0ZGQzk5OSIsIC8vIDE6IOyXsO2VnCDso7ztmakNCsKgIMKgIMKgIMKgIMKgIMKgICIjRkZGRjk5IiwgLy8gMjog7Jew7ZWcIOuFuOuekQ0KwqAgwqAgwqAgwqAgwqAgwqAgIiM5OUZGOTkiLCAvLyAzOiDsl7DtlZwg7LSI66GdDQrCoCDCoCDCoCDCoCDCoCDCoCAiIzk5OTlGRiIsIC8vIDQ6IOyXsO2VnCDtjIzrnpENCsKgIMKgIMKgIMKgIMKgIMKgICIjQTM5OUM4IiwgLy8gNTog7Jew7ZWcIOuCqOyDiQ0KwqAgwqAgwqAgwqAgwqAgwqAgIiNDODk5RkYiwqAgLy8gNjog7Jew7ZWcIOuztOudvA0KwqAgwqAgwqAgwqAgXTsNCg0KwqAgwqAgwqAgwqAgbGV0IHNlbGVjdGVkQ29sb3IgPSAiIzAwMDAwMCI7IC8vIOq4sOuzuCDqsoDsoJXsg4kNCiAgICAgICAgbGV0IGluc3RhbmNlTnVtYmVyID0gbnVsbDsgLy8g7J247Iqk7YS07IqkIOuyiO2YuOulvCDsoIDsnqXtlaAg67OA7IiYDQoNCiAgICAgICAgLy8gMS4gd3d3LSDsoJHrkZDsgqzsl5Ag6rSA6rOE7JeG7J20IFvsoJHrkZDsgqxdLXZtc3NbNuyekOumrCDsiKvsnpBdIO2MqO2EtCDsspjrpqwNCiAgICAgICAgaWYgKC8tdm1zc1xkezZ9JC8udGVzdChob3N0bmFtZSkpIHsNCiAgICAgICAgICAgIC8vIO2YuOyKpO2KuOuEpOyehCDrgZ0gNuyekOumrCDsiKvsnpDrpbwg7LaU7LacDQogICAgICAgICAgICBjb25zdCBtYXRjaCA9IGhvc3RuYW1lLm1hdGNoKC9cZHs2fSQvKTsNCiAgICAgICAgICAgIGlmIChtYXRjaCkgew0KICAgICAgICAgICAgICAgIC8vIDbsnpDrpqwg7Iir7J6Q66W8IOygleyImOuhnCDrs4DtmZggKOyYiDogMDAwMDAxIC0+IDEpDQogICAgICAgICAgICAgICAgaW5zdGFuY2VOdW1iZXIgPSBwYXJzZUludChtYXRjaFswXSwgMTApOw0KICAgICAgICAgICAgfQ0KICAgICAgICB9IA0KICAgICAgICANCiAgICAgICAgLy8gMi4gd3d3LSDsoJHrkZDsgqzsl5Ag6rSA6rOE7JeG7J20IFvsoJHrkZDsgqxdLXdlYlvsiKvsnpBddm0g7Yyo7YS0IOyymOumrA0KICAgICAgICBlbHNlIGlmICgvLXdlYlxkK3ZtJC8udGVzdChob3N0bmFtZSkpIHsNCiAgICAgICAgICAgIC8vIHdlYuqzvCB2bSDsgqzsnbTsl5Ag7J6I64qUIOyIq+yekOulvCDstpTstpwNCiAgICAgICAgICAgIGNvbnN0IG1hdGNoID0gaG9zdG5hbWUubWF0Y2goL3dlYihcZCspdm0kLyk7DQogICAgICAgICAgICBpZiAobWF0Y2ggJiYgbWF0Y2hbMV0pIHsNCiAgICAgICAgICAgICAgICAvLyDsiKvsnpDrpbwg7KCV7IiY66GcIOuzgO2ZmCAo7JiIOiB3ZWIxdm0gLT4gMSkNCiAgICAgICAgICAgICAgICBpbnN0YW5jZU51bWJlciA9IHBhcnNlSW50KG1hdGNoWzFdLCAxMCk7DQogICAgICAgICAgICB9DQogICAgICAgIH0NCiAgICAgICAgDQogICAgICAgIC8vIOyduOyKpO2EtOyKpCDrsojtmLjqsIAg7Jyg7Zqo7ZWgIOqyveyasCDsg4nsg4Eg7ZWg64u5DQogICAgICAgIGlmIChpbnN0YW5jZU51bWJlciAhPT0gbnVsbCAmJiBpbnN0YW5jZU51bWJlciA+IDApIHsNCiAgICAgICAgICAgIC8vIOyIq+yekOulvCDrsLDsl7Qg6ri47J2066GcIOuCmOuIiCDrgpjrqLjsp4DroZwg7J24642x7IqkIOqysOyglSAo7Iic7ZmYKQ0KICAgICAgICAgICAgLy8g7J24642x7Iqk64qUIDDrtoDthLAg7Iuc7J6R7ZWY66+A66GcLCAx67KIIOyduOyKpO2EtOyKpOuKlCAw67KIIOyduOuNseyKpOyXkCDrp6TtlZHrkJjrj4TroZ0gLTHsnYQg7IKs7JqpDQogICAgICAgICAgICBjb25zdCBjb2xvckluZGV4ID0gKGluc3RhbmNlTnVtYmVyIC0gMSkgJSByYWluYm93Q29sb3JzLmxlbmd0aDsNCiAgICAgICAgICAgIHNlbGVjdGVkQ29sb3IgPSByYWluYm93Q29sb3JzW2NvbG9ySW5kZXhdOw0KICAgICAgICB9DQoNCsKgIMKgIMKgIMKgIC8vICoqW+uzgOqyveuQqF0qKiBib2R56rCAIOyVhOuLjCBoZWFkZXIg67Cw6rK97IOJIOyggeyaqQ0KwqAgwqAgwqAgwqAgZG9jdW1lbnQucXVlcnlTZWxlY3RvcignaGVhZGVyJykuc3R5bGUuYmFja2dyb3VuZENvbG9yID0gc2VsZWN0ZWRDb2xvcjsgICAgPC9zY3JpcHQ+DQoNCjwvYm9keT4NCjwvaHRtbD4NCkVPRg==",
            "virtual_machine_id": "1475f382-2269-4eb4-afe3-58ee7d0747b6",
            "virtual_machine_scale_set_id": "",
            "vm_agent_platform_updates_enabled": false,
            "vtpm_enabled": false,
            "zone": ""
          },
          "sensitive_attributes": [
            [
              {
                "type": "get_attr",
                "value": "admin_password"
              }
            ],
            [
              {
                "type": "get_attr",
                "value": "custom_data"
              }
            ]
          ],
          "identity_schema_version": 0,
          "private": "eyJlMmJmYjczMC1lY2FhLTExZTYtOGY4OC0zNDM2M2JjN2M0YzAiOnsiY3JlYXRlIjoyNzAwMDAwMDAwMDAwLCJkZWxldGUiOjI3MDAwMDAwMDAwMDAsInJlYWQiOjMwMDAwMDAwMDAwMCwidXBkYXRlIjoyNzAwMDAwMDAwMDAwfX0=",
          "dependencies": [
            "azurerm_network_interface.www_web2_nic",
            "azurerm_resource_group.www_rg",
            "azurerm_subnet.www_web2",
            "azurerm_virtual_network.www_vnet0"
          ]
        }
      ]
    },
    {
      "mode": "managed",
      "type": "azurerm_managed_disk",
      "name": "www_disk",
      "provider": "provider[\"registry.terraform.io/hashicorp/azurerm\"]",
      "instances": [
        {
          "schema_version": 1,
          "attributes": {
            "create_option": "Copy",
            "disk_access_id": "",
            "disk_encryption_set_id": "",
            "disk_iops_read_only": 0,
            "disk_iops_read_write": 500,
            "disk_mbps_read_only": 0,
            "disk_mbps_read_write": 100,
            "disk_size_gb": 10,
            "edge_zone": "",
            "encryption_settings": [],
            "gallery_image_reference_id": "",
            "hyper_v_generation": "V2",
            "id": "/subscriptions/99b79efe-ebd6-468c-b39f-5669acb259e1/resourceGroups/04-T1-www2/providers/Microsoft.Compute/disks/www-disk",
            "image_reference_id": "",
            "location": "koreacentral",
            "logical_sector_size": null,
            "max_shares": 0,
            "name": "www-disk",
            "network_access_policy": "AllowAll",
            "on_demand_bursting_enabled": false,
            "optimized_frequent_attach_enabled": false,
            "os_type": "Linux",
            "performance_plus_enabled": false,
            "public_network_access_enabled": true,
            "resource_group_name": "04-T1-www2",
            "secure_vm_disk_encryption_set_id": "",
            "security_type": "",
            "source_resource_id": "/subscriptions/99b79efe-ebd6-468c-b39f-5669acb259e1/resourceGroups/04-T1-www2/providers/Microsoft.Compute/disks/www2-web2vm_disk1_338fb01a53234da6a04b81186ce63664",
            "source_uri": "",
            "storage_account_id": "",
            "storage_account_type": "StandardSSD_LRS",
            "tags": null,
            "tier": "",
            "timeouts": null,
            "trusted_launch_enabled": false,
            "upload_size_bytes": 0,
            "zone": ""
          },
          "sensitive_attributes": [],
          "identity_schema_version": 0,
          "identity": {
            "name": "www-disk",
            "resource_group_name": "04-T1-www2",
            "subscription_id": "99b79efe-ebd6-468c-b39f-5669acb259e1"
          },
          "private": "eyJlMmJmYjczMC1lY2FhLTExZTYtOGY4OC0zNDM2M2JjN2M0YzAiOnsiY3JlYXRlIjoxODAwMDAwMDAwMDAwLCJkZWxldGUiOjE4MDAwMDAwMDAwMDAsInJlYWQiOjMwMDAwMDAwMDAwMCwidXBkYXRlIjoxODAwMDAwMDAwMDAwfSwic2NoZW1hX3ZlcnNpb24iOiIxIn0=",
          "dependencies": [
            "azurerm_linux_virtual_machine.www_web2vm",
            "azurerm_network_interface.www_web2_nic",
            "azurerm_resource_group.www_rg",
            "azurerm_subnet.www_web2",
            "azurerm_virtual_network.www_vnet0",
            "null_resource.www_web2_deallocate"
          ]
        }
      ]
    },
    {
      "mode": "managed",
      "type": "azurerm_nat_gateway",
      "name": "www_nat",
      "provider": "provider[\"registry.terraform.io/hashicorp/azurerm\"]",
      "instances": [
        {
          "schema_version": 0,
          "attributes": {
            "id": "/subscriptions/99b79efe-ebd6-468c-b39f-5669acb259e1/resourceGroups/04-T1-www2/providers/Microsoft.Network/natGateways/www2-nat",
            "idle_timeout_in_minutes": 4,
            "location": "koreacentral",
            "name": "www2-nat",
            "resource_group_name": "04-T1-www2",
            "resource_guid": "cc2549e0-a5f2-4aff-804d-596189c982f5",
            "sku_name": "Standard",
            "tags": {},
            "timeouts": null,
            "zones": []
          },
          "sensitive_attributes": [],
          "identity_schema_version": 0,
          "identity": {
            "name": "www2-nat",
            "resource_group_name": "04-T1-www2",
            "subscription_id": "99b79efe-ebd6-468c-b39f-5669acb259e1"
          },
          "private": "eyJlMmJmYjczMC1lY2FhLTExZTYtOGY4OC0zNDM2M2JjN2M0YzAiOnsiY3JlYXRlIjozNjAwMDAwMDAwMDAwLCJkZWxldGUiOjM2MDAwMDAwMDAwMDAsInJlYWQiOjMwMDAwMDAwMDAwMCwidXBkYXRlIjozNjAwMDAwMDAwMDAwfX0=",
          "dependencies": [
            "azurerm_resource_group.www_rg"
          ]
        }
      ]
    },
    {
      "mode": "managed",
      "type": "azurerm_nat_gateway",
      "name": "www_nat_v1",
      "provider": "provider[\"registry.terraform.io/hashicorp/azurerm\"]",
      "instances": [
        {
          "schema_version": 0,
          "attributes": {
            "id": "/subscriptions/99b79efe-ebd6-468c-b39f-5669acb259e1/resourceGroups/04-T1-www2/providers/Microsoft.Network/natGateways/www2-nat-v1",
            "idle_timeout_in_minutes": 4,
            "location": "koreasouth",
            "name": "www2-nat-v1",
            "resource_group_name": "04-T1-www2",
            "resource_guid": "e2b812c5-bdf7-4a9f-aa3f-38a1f2163752",
            "sku_name": "Standard",
            "tags": {},
            "timeouts": null,
            "zones": []
          },
          "sensitive_attributes": [],
          "identity_schema_version": 0,
          "identity": {
            "name": "www2-nat-v1",
            "resource_group_name": "04-T1-www2",
            "subscription_id": "99b79efe-ebd6-468c-b39f-5669acb259e1"
          },
          "private": "eyJlMmJmYjczMC1lY2FhLTExZTYtOGY4OC0zNDM2M2JjN2M0YzAiOnsiY3JlYXRlIjozNjAwMDAwMDAwMDAwLCJkZWxldGUiOjM2MDAwMDAwMDAwMDAsInJlYWQiOjMwMDAwMDAwMDAwMCwidXBkYXRlIjozNjAwMDAwMDAwMDAwfX0=",
          "dependencies": [
            "azurerm_resource_group.www_rg"
          ]
        }
      ]
    },
    {
      "mode": "managed",
      "type": "azurerm_nat_gateway_public_ip_association",
      "name": "www_nat_pubip",
      "provider": "provider[\"registry.terraform.io/hashicorp/azurerm\"]",
      "instances": [
        {
          "schema_version": 0,
          "attributes": {
            "id": "/subscriptions/99b79efe-ebd6-468c-b39f-5669acb259e1/resourceGroups/04-T1-www2/providers/Microsoft.Network/natGateways/www2-nat|/subscriptions/99b79efe-ebd6-468c-b39f-5669acb259e1/resourceGroups/04-T1-www2/providers/Microsoft.Network/publicIPAddresses/www2-natip",
            "nat_gateway_id": "/subscriptions/99b79efe-ebd6-468c-b39f-5669acb259e1/resourceGroups/04-T1-www2/providers/Microsoft.Network/natGateways/www2-nat",
            "public_ip_address_id": "/subscriptions/99b79efe-ebd6-468c-b39f-5669acb259e1/resourceGroups/04-T1-www2/providers/Microsoft.Network/publicIPAddresses/www2-natip",
            "timeouts": null
          },
          "sensitive_attributes": [],
          "identity_schema_version": 0,
          "private": "eyJlMmJmYjczMC1lY2FhLTExZTYtOGY4OC0zNDM2M2JjN2M0YzAiOnsiY3JlYXRlIjoxODAwMDAwMDAwMDAwLCJkZWxldGUiOjE4MDAwMDAwMDAwMDAsInJlYWQiOjMwMDAwMDAwMDAwMH19",
          "dependencies": [
            "azurerm_nat_gateway.www_nat",
            "azurerm_public_ip.www_natip",
            "azurerm_resource_group.www_rg"
          ]
        }
      ]
    },
    {
      "mode": "managed",
      "type": "azurerm_nat_gateway_public_ip_association",
      "name": "www_nat_v1_pubip",
      "provider": "provider[\"registry.terraform.io/hashicorp/azurerm\"]",
      "instances": [
        {
          "schema_version": 0,
          "attributes": {
            "id": "/subscriptions/99b79efe-ebd6-468c-b39f-5669acb259e1/resourceGroups/04-T1-www2/providers/Microsoft.Network/natGateways/www2-nat-v1|/subscriptions/99b79efe-ebd6-468c-b39f-5669acb259e1/resourceGroups/04-T1-www2/providers/Microsoft.Network/publicIPAddresses/www2-natip-v1",
            "nat_gateway_id": "/subscriptions/99b79efe-ebd6-468c-b39f-5669acb259e1/resourceGroups/04-T1-www2/providers/Microsoft.Network/natGateways/www2-nat-v1",
            "public_ip_address_id": "/subscriptions/99b79efe-ebd6-468c-b39f-5669acb259e1/resourceGroups/04-T1-www2/providers/Microsoft.Network/publicIPAddresses/www2-natip-v1",
            "timeouts": null
          },
          "sensitive_attributes": [],
          "identity_schema_version": 0,
          "private": "eyJlMmJmYjczMC1lY2FhLTExZTYtOGY4OC0zNDM2M2JjN2M0YzAiOnsiY3JlYXRlIjoxODAwMDAwMDAwMDAwLCJkZWxldGUiOjE4MDAwMDAwMDAwMDAsInJlYWQiOjMwMDAwMDAwMDAwMH19",
          "dependencies": [
            "azurerm_nat_gateway.www_nat_v1",
            "azurerm_public_ip.www_natip_v1",
            "azurerm_resource_group.www_rg"
          ]
        }
      ]
    },
    {
      "mode": "managed",
      "type": "azurerm_network_interface",
      "name": "www_bas_nic",
      "provider": "provider[\"registry.terraform.io/hashicorp/azurerm\"]",
      "instances": [
        {
          "schema_version": 0,
          "attributes": {
            "accelerated_networking_enabled": false,
            "applied_dns_servers": [],
            "auxiliary_mode": "",
            "auxiliary_sku": "",
            "dns_servers": [],
            "edge_zone": "",
            "id": "/subscriptions/99b79efe-ebd6-468c-b39f-5669acb259e1/resourceGroups/04-T1-www2/providers/Microsoft.Network/networkInterfaces/www2-bas-nic",
            "internal_dns_name_label": "",
            "internal_domain_name_suffix": "04wen1gpznte1fctzwiard3h1c.syx.internal.cloudapp.net",
            "ip_configuration": [
              {
                "gateway_load_balancer_frontend_ip_configuration_id": "",
                "name": "www-bas-nic-ipconf",
                "primary": true,
                "private_ip_address": "10.0.0.4",
                "private_ip_address_allocation": "Static",
                "private_ip_address_version": "IPv4",
                "public_ip_address_id": "/subscriptions/99b79efe-ebd6-468c-b39f-5669acb259e1/resourceGroups/04-T1-www2/providers/Microsoft.Network/publicIPAddresses/www2-pubip",
                "subnet_id": "/subscriptions/99b79efe-ebd6-468c-b39f-5669acb259e1/resourceGroups/04-T1-www2/providers/Microsoft.Network/virtualNetworks/www2-vnet0/subnets/www2-bas"
              }
            ],
            "ip_forwarding_enabled": false,
            "location": "koreacentral",
            "mac_address": "60-45-BD-45-EE-3C",
            "name": "www2-bas-nic",
            "private_ip_address": "10.0.0.4",
            "private_ip_addresses": [
              "10.0.0.4"
            ],
            "resource_group_name": "04-T1-www2",
            "tags": {},
            "timeouts": null,
            "virtual_machine_id": "/subscriptions/99b79efe-ebd6-468c-b39f-5669acb259e1/resourceGroups/04-T1-www2/providers/Microsoft.Compute/virtualMachines/www2-basvm"
          },
          "sensitive_attributes": [],
          "identity_schema_version": 0,
          "identity": {
            "name": "www2-bas-nic",
            "resource_group_name": "04-T1-www2",
            "subscription_id": "99b79efe-ebd6-468c-b39f-5669acb259e1"
          },
          "private": "eyJlMmJmYjczMC1lY2FhLTExZTYtOGY4OC0zNDM2M2JjN2M0YzAiOnsiY3JlYXRlIjoxODAwMDAwMDAwMDAwLCJkZWxldGUiOjE4MDAwMDAwMDAwMDAsInJlYWQiOjMwMDAwMDAwMDAwMCwidXBkYXRlIjoxODAwMDAwMDAwMDAwfX0=",
          "dependencies": [
            "azurerm_public_ip.www_basip",
            "azurerm_resource_group.www_rg",
            "azurerm_subnet.www_bas",
            "azurerm_virtual_network.www_vnet0"
          ]
        }
      ]
    },
    {
      "mode": "managed",
      "type": "azurerm_network_interface",
      "name": "www_db_nic",
      "provider": "provider[\"registry.terraform.io/hashicorp/azurerm\"]",
      "instances": [
        {
          "schema_version": 0,
          "attributes": {
            "accelerated_networking_enabled": false,
            "applied_dns_servers": [],
            "auxiliary_mode": "",
            "auxiliary_sku": "",
            "dns_servers": [],
            "edge_zone": "",
            "id": "/subscriptions/99b79efe-ebd6-468c-b39f-5669acb259e1/resourceGroups/04-T1-www2/providers/Microsoft.Network/networkInterfaces/www2-db-nic",
            "internal_dns_name_label": "",
            "internal_domain_name_suffix": "04wen1gpznte1fctzwiard3h1c.syx.internal.cloudapp.net",
            "ip_configuration": [
              {
                "gateway_load_balancer_frontend_ip_configuration_id": "",
                "name": "www-db-nic-ipconf",
                "primary": true,
                "private_ip_address": "10.0.4.4",
                "private_ip_address_allocation": "Static",
                "private_ip_address_version": "IPv4",
                "public_ip_address_id": "",
                "subnet_id": "/subscriptions/99b79efe-ebd6-468c-b39f-5669acb259e1/resourceGroups/04-T1-www2/providers/Microsoft.Network/virtualNetworks/www2-vnet0/subnets/www2-db"
              }
            ],
            "ip_forwarding_enabled": false,
            "location": "koreacentral",
            "mac_address": "60-45-BD-45-EC-E8",
            "name": "www2-db-nic",
            "private_ip_address": "10.0.4.4",
            "private_ip_addresses": [
              "10.0.4.4"
            ],
            "resource_group_name": "04-T1-www2",
            "tags": {},
            "timeouts": null,
            "virtual_machine_id": "/subscriptions/99b79efe-ebd6-468c-b39f-5669acb259e1/resourceGroups/04-T1-www2/providers/Microsoft.Compute/virtualMachines/www2-dbvm"
          },
          "sensitive_attributes": [],
          "identity_schema_version": 0,
          "identity": {
            "name": "www2-db-nic",
            "resource_group_name": "04-T1-www2",
            "subscription_id": "99b79efe-ebd6-468c-b39f-5669acb259e1"
          },
          "private": "eyJlMmJmYjczMC1lY2FhLTExZTYtOGY4OC0zNDM2M2JjN2M0YzAiOnsiY3JlYXRlIjoxODAwMDAwMDAwMDAwLCJkZWxldGUiOjE4MDAwMDAwMDAwMDAsInJlYWQiOjMwMDAwMDAwMDAwMCwidXBkYXRlIjoxODAwMDAwMDAwMDAwfX0=",
          "dependencies": [
            "azurerm_resource_group.www_rg",
            "azurerm_subnet.www_db",
            "azurerm_virtual_network.www_vnet0"
          ]
        }
      ]
    },
    {
      "mode": "managed",
      "type": "azurerm_network_interface",
      "name": "www_web1_nic",
      "provider": "provider[\"registry.terraform.io/hashicorp/azurerm\"]",
      "instances": [
        {
          "schema_version": 0,
          "attributes": {
            "accelerated_networking_enabled": false,
            "applied_dns_servers": [],
            "auxiliary_mode": "",
            "auxiliary_sku": "",
            "dns_servers": [],
            "edge_zone": "",
            "id": "/subscriptions/99b79efe-ebd6-468c-b39f-5669acb259e1/resourceGroups/04-T1-www2/providers/Microsoft.Network/networkInterfaces/www2-web1-nic",
            "internal_dns_name_label": "",
            "internal_domain_name_suffix": "04wen1gpznte1fctzwiard3h1c.syx.internal.cloudapp.net",
            "ip_configuration": [
              {
                "gateway_load_balancer_frontend_ip_configuration_id": "",
                "name": "www-web1-nic-ipconf",
                "primary": true,
                "private_ip_address": "10.0.2.4",
                "private_ip_address_allocation": "Static",
                "private_ip_address_version": "IPv4",
                "public_ip_address_id": "",
                "subnet_id": "/subscriptions/99b79efe-ebd6-468c-b39f-5669acb259e1/resourceGroups/04-T1-www2/providers/Microsoft.Network/virtualNetworks/www2-vnet0/subnets/www2-web1"
              }
            ],
            "ip_forwarding_enabled": false,
            "location": "koreacentral",
            "mac_address": "00-22-48-F7-E3-75",
            "name": "www2-web1-nic",
            "private_ip_address": "10.0.2.4",
            "private_ip_addresses": [
              "10.0.2.4"
            ],
            "resource_group_name": "04-T1-www2",
            "tags": {},
            "timeouts": null,
            "virtual_machine_id": "/subscriptions/99b79efe-ebd6-468c-b39f-5669acb259e1/resourceGroups/04-T1-www2/providers/Microsoft.Compute/virtualMachines/www2-web1vm"
          },
          "sensitive_attributes": [],
          "identity_schema_version": 0,
          "identity": {
            "name": "www2-web1-nic",
            "resource_group_name": "04-T1-www2",
            "subscription_id": "99b79efe-ebd6-468c-b39f-5669acb259e1"
          },
          "private": "eyJlMmJmYjczMC1lY2FhLTExZTYtOGY4OC0zNDM2M2JjN2M0YzAiOnsiY3JlYXRlIjoxODAwMDAwMDAwMDAwLCJkZWxldGUiOjE4MDAwMDAwMDAwMDAsInJlYWQiOjMwMDAwMDAwMDAwMCwidXBkYXRlIjoxODAwMDAwMDAwMDAwfX0=",
          "dependencies": [
            "azurerm_resource_group.www_rg",
            "azurerm_subnet.www_web1",
            "azurerm_virtual_network.www_vnet0"
          ]
        }
      ]
    },
    {
      "mode": "managed",
      "type": "azurerm_network_interface",
      "name": "www_web1_v1_nic",
      "provider": "provider[\"registry.terraform.io/hashicorp/azurerm\"]",
      "instances": [
        {
          "schema_version": 0,
          "attributes": {
            "accelerated_networking_enabled": false,
            "applied_dns_servers": [],
            "auxiliary_mode": "",
            "auxiliary_sku": "",
            "dns_servers": [],
            "edge_zone": "",
            "id": "/subscriptions/99b79efe-ebd6-468c-b39f-5669acb259e1/resourceGroups/04-T1-www2/providers/Microsoft.Network/networkInterfaces/www2web1-v1-nic",
            "internal_dns_name_label": "",
            "internal_domain_name_suffix": "qgdrpndpg5pejkruaxeidxdawg.psx.internal.cloudapp.net",
            "ip_configuration": [
              {
                "gateway_load_balancer_frontend_ip_configuration_id": "",
                "name": "www-web1-v1-nic-ipconf",
                "primary": true,
                "private_ip_address": "192.168.2.4",
                "private_ip_address_allocation": "Static",
                "private_ip_address_version": "IPv4",
                "public_ip_address_id": "",
                "subnet_id": "/subscriptions/99b79efe-ebd6-468c-b39f-5669acb259e1/resourceGroups/04-T1-www2/providers/Microsoft.Network/virtualNetworks/www2-vnet1/subnets/www2-web1-v1"
              }
            ],
            "ip_forwarding_enabled": false,
            "location": "koreasouth",
            "mac_address": "",
            "name": "www2web1-v1-nic",
            "private_ip_address": "192.168.2.4",
            "private_ip_addresses": [
              "192.168.2.4"
            ],
            "resource_group_name": "04-T1-www2",
            "tags": {},
            "timeouts": null,
            "virtual_machine_id": ""
          },
          "sensitive_attributes": [],
          "identity_schema_version": 0,
          "identity": {
            "name": "www2web1-v1-nic",
            "resource_group_name": "04-T1-www2",
            "subscription_id": "99b79efe-ebd6-468c-b39f-5669acb259e1"
          },
          "private": "eyJlMmJmYjczMC1lY2FhLTExZTYtOGY4OC0zNDM2M2JjN2M0YzAiOnsiY3JlYXRlIjoxODAwMDAwMDAwMDAwLCJkZWxldGUiOjE4MDAwMDAwMDAwMDAsInJlYWQiOjMwMDAwMDAwMDAwMCwidXBkYXRlIjoxODAwMDAwMDAwMDAwfX0=",
          "dependencies": [
            "azurerm_resource_group.www_rg",
            "azurerm_subnet.www_web1_v1",
            "azurerm_virtual_network.www_vnet1"
          ]
        }
      ]
    },
    {
      "mode": "managed",
      "type": "azurerm_network_interface",
      "name": "www_web2_nic",
      "provider": "provider[\"registry.terraform.io/hashicorp/azurerm\"]",
      "instances": [
        {
          "schema_version": 0,
          "attributes": {
            "accelerated_networking_enabled": false,
            "applied_dns_servers": [],
            "auxiliary_mode": "",
            "auxiliary_sku": "",
            "dns_servers": [],
            "edge_zone": "",
            "id": "/subscriptions/99b79efe-ebd6-468c-b39f-5669acb259e1/resourceGroups/04-T1-www2/providers/Microsoft.Network/networkInterfaces/www2-web2-nic",
            "internal_dns_name_label": "",
            "internal_domain_name_suffix": "04wen1gpznte1fctzwiard3h1c.syx.internal.cloudapp.net",
            "ip_configuration": [
              {
                "gateway_load_balancer_frontend_ip_configuration_id": "",
                "name": "www-web2-nic-ipconf",
                "primary": true,
                "private_ip_address": "10.0.3.4",
                "private_ip_address_allocation": "Static",
                "private_ip_address_version": "IPv4",
                "public_ip_address_id": "",
                "subnet_id": "/subscriptions/99b79efe-ebd6-468c-b39f-5669acb259e1/resourceGroups/04-T1-www2/providers/Microsoft.Network/virtualNetworks/www2-vnet0/subnets/www2-web2"
              }
            ],
            "ip_forwarding_enabled": false,
            "location": "koreacentral",
            "mac_address": "00-0D-3A-D7-46-B3",
            "name": "www2-web2-nic",
            "private_ip_address": "10.0.3.4",
            "private_ip_addresses": [
              "10.0.3.4"
            ],
            "resource_group_name": "04-T1-www2",
            "tags": {},
            "timeouts": null,
            "virtual_machine_id": "/subscriptions/99b79efe-ebd6-468c-b39f-5669acb259e1/resourceGroups/04-T1-www2/providers/Microsoft.Compute/virtualMachines/www2-web2vm"
          },
          "sensitive_attributes": [],
          "identity_schema_version": 0,
          "identity": {
            "name": "www2-web2-nic",
            "resource_group_name": "04-T1-www2",
            "subscription_id": "99b79efe-ebd6-468c-b39f-5669acb259e1"
          },
          "private": "eyJlMmJmYjczMC1lY2FhLTExZTYtOGY4OC0zNDM2M2JjN2M0YzAiOnsiY3JlYXRlIjoxODAwMDAwMDAwMDAwLCJkZWxldGUiOjE4MDAwMDAwMDAwMDAsInJlYWQiOjMwMDAwMDAwMDAwMCwidXBkYXRlIjoxODAwMDAwMDAwMDAwfX0=",
          "dependencies": [
            "azurerm_resource_group.www_rg",
            "azurerm_subnet.www_web2",
            "azurerm_virtual_network.www_vnet0"
          ]
        }
      ]
    },
    {
      "mode": "managed",
      "type": "azurerm_network_interface",
      "name": "www_web2_v1_nic",
      "provider": "provider[\"registry.terraform.io/hashicorp/azurerm\"]",
      "instances": [
        {
          "schema_version": 0,
          "attributes": {
            "accelerated_networking_enabled": false,
            "applied_dns_servers": [],
            "auxiliary_mode": "",
            "auxiliary_sku": "",
            "dns_servers": [],
            "edge_zone": "",
            "id": "/subscriptions/99b79efe-ebd6-468c-b39f-5669acb259e1/resourceGroups/04-T1-www2/providers/Microsoft.Network/networkInterfaces/www2web2-v1-nic",
            "internal_dns_name_label": "",
            "internal_domain_name_suffix": "qgdrpndpg5pejkruaxeidxdawg.psx.internal.cloudapp.net",
            "ip_configuration": [
              {
                "gateway_load_balancer_frontend_ip_configuration_id": "",
                "name": "www-web2-v1-nic-ipconf",
                "primary": true,
                "private_ip_address": "192.168.3.4",
                "private_ip_address_allocation": "Static",
                "private_ip_address_version": "IPv4",
                "public_ip_address_id": "",
                "subnet_id": "/subscriptions/99b79efe-ebd6-468c-b39f-5669acb259e1/resourceGroups/04-T1-www2/providers/Microsoft.Network/virtualNetworks/www2-vnet1/subnets/www2-web2-v1"
              }
            ],
            "ip_forwarding_enabled": false,
            "location": "koreasouth",
            "mac_address": "",
            "name": "www2web2-v1-nic",
            "private_ip_address": "192.168.3.4",
            "private_ip_addresses": [
              "192.168.3.4"
            ],
            "resource_group_name": "04-T1-www2",
            "tags": {},
            "timeouts": null,
            "virtual_machine_id": ""
          },
          "sensitive_attributes": [],
          "identity_schema_version": 0,
          "identity": {
            "name": "www2web2-v1-nic",
            "resource_group_name": "04-T1-www2",
            "subscription_id": "99b79efe-ebd6-468c-b39f-5669acb259e1"
          },
          "private": "eyJlMmJmYjczMC1lY2FhLTExZTYtOGY4OC0zNDM2M2JjN2M0YzAiOnsiY3JlYXRlIjoxODAwMDAwMDAwMDAwLCJkZWxldGUiOjE4MDAwMDAwMDAwMDAsInJlYWQiOjMwMDAwMDAwMDAwMCwidXBkYXRlIjoxODAwMDAwMDAwMDAwfX0=",
          "dependencies": [
            "azurerm_resource_group.www_rg",
            "azurerm_subnet.www_web2_v1",
            "azurerm_virtual_network.www_vnet1"
          ]
        }
      ]
    },
    {
      "mode": "managed",
      "type": "azurerm_network_interface_application_gateway_backend_address_pool_association",
      "name": "www_web1_v1_nic",
      "provider": "provider[\"registry.terraform.io/hashicorp/azurerm\"]",
      "instances": [
        {
          "schema_version": 0,
          "attributes": {
            "backend_address_pool_id": "/subscriptions/99b79efe-ebd6-468c-b39f-5669acb259e1/resourceGroups/04-T1-www2/providers/Microsoft.Network/applicationGateways/www-appgw/backendAddressPools/www-beap",
            "id": "/subscriptions/99b79efe-ebd6-468c-b39f-5669acb259e1/resourceGroups/04-T1-www2/providers/Microsoft.Network/networkInterfaces/www2web1-v1-nic/ipConfigurations/www-web1-v1-nic-ipconf|/subscriptions/99b79efe-ebd6-468c-b39f-5669acb259e1/resourceGroups/04-T1-www2/providers/Microsoft.Network/applicationGateways/www-appgw/backendAddressPools/www-beap",
            "ip_configuration_name": "www-web1-v1-nic-ipconf",
            "network_interface_id": "/subscriptions/99b79efe-ebd6-468c-b39f-5669acb259e1/resourceGroups/04-T1-www2/providers/Microsoft.Network/networkInterfaces/www2web1-v1-nic",
            "timeouts": null
          },
          "sensitive_attributes": [],
          "identity_schema_version": 0,
          "private": "eyJlMmJmYjczMC1lY2FhLTExZTYtOGY4OC0zNDM2M2JjN2M0YzAiOnsiY3JlYXRlIjoxODAwMDAwMDAwMDAwLCJkZWxldGUiOjE4MDAwMDAwMDAwMDAsInJlYWQiOjMwMDAwMDAwMDAwMH19",
          "dependencies": [
            "azurerm_application_gateway.www_appgw",
            "azurerm_network_interface.www_web1_v1_nic",
            "azurerm_public_ip.www_appip",
            "azurerm_resource_group.www_rg",
            "azurerm_subnet.www_appgw",
            "azurerm_subnet.www_web1_v1",
            "azurerm_virtual_network.www_vnet1"
          ]
        }
      ]
    },
    {
      "mode": "managed",
      "type": "azurerm_network_interface_application_gateway_backend_address_pool_association",
      "name": "www_web2_v1_nic",
      "provider": "provider[\"registry.terraform.io/hashicorp/azurerm\"]",
      "instances": [
        {
          "schema_version": 0,
          "attributes": {
            "backend_address_pool_id": "/subscriptions/99b79efe-ebd6-468c-b39f-5669acb259e1/resourceGroups/04-T1-www2/providers/Microsoft.Network/applicationGateways/www-appgw/backendAddressPools/www-beap",
            "id": "/subscriptions/99b79efe-ebd6-468c-b39f-5669acb259e1/resourceGroups/04-T1-www2/providers/Microsoft.Network/networkInterfaces/www2web2-v1-nic/ipConfigurations/www-web2-v1-nic-ipconf|/subscriptions/99b79efe-ebd6-468c-b39f-5669acb259e1/resourceGroups/04-T1-www2/providers/Microsoft.Network/applicationGateways/www-appgw/backendAddressPools/www-beap",
            "ip_configuration_name": "www-web2-v1-nic-ipconf",
            "network_interface_id": "/subscriptions/99b79efe-ebd6-468c-b39f-5669acb259e1/resourceGroups/04-T1-www2/providers/Microsoft.Network/networkInterfaces/www2web2-v1-nic",
            "timeouts": null
          },
          "sensitive_attributes": [],
          "identity_schema_version": 0,
          "private": "eyJlMmJmYjczMC1lY2FhLTExZTYtOGY4OC0zNDM2M2JjN2M0YzAiOnsiY3JlYXRlIjoxODAwMDAwMDAwMDAwLCJkZWxldGUiOjE4MDAwMDAwMDAwMDAsInJlYWQiOjMwMDAwMDAwMDAwMH19",
          "dependencies": [
            "azurerm_application_gateway.www_appgw",
            "azurerm_network_interface.www_web2_v1_nic",
            "azurerm_public_ip.www_appip",
            "azurerm_resource_group.www_rg",
            "azurerm_subnet.www_appgw",
            "azurerm_subnet.www_web2_v1",
            "azurerm_virtual_network.www_vnet1"
          ]
        }
      ]
    },
    {
      "mode": "managed",
      "type": "azurerm_network_security_group",
      "name": "www_nsg_db",
      "provider": "provider[\"registry.terraform.io/hashicorp/azurerm\"]",
      "instances": [
        {
          "schema_version": 0,
          "attributes": {
            "id": "/subscriptions/99b79efe-ebd6-468c-b39f-5669acb259e1/resourceGroups/04-T1-www2/providers/Microsoft.Network/networkSecurityGroups/www_nsg_db",
            "location": "koreacentral",
            "name": "www_nsg_db",
            "resource_group_name": "04-T1-www2",
            "security_rule": [
              {
                "access": "Allow",
                "description": "",
                "destination_address_prefix": "10.0.0.0/16",
                "destination_address_prefixes": [],
                "destination_application_security_group_ids": [],
                "destination_port_range": "22",
                "destination_port_ranges": [],
                "direction": "Inbound",
                "name": "ssh",
                "priority": 100,
                "protocol": "Tcp",
                "source_address_prefix": "",
                "source_address_prefixes": [
                  "10.0.0.0/16",
                  "192.168.0.0/16",
                  "61.108.60.26"
                ],
                "source_application_security_group_ids": [],
                "source_port_range": "*",
                "source_port_ranges": []
              },
              {
                "access": "Allow",
                "description": "",
                "destination_address_prefix": "10.0.0.0/16",
                "destination_address_prefixes": [],
                "destination_application_security_group_ids": [],
                "destination_port_range": "3306",
                "destination_port_ranges": [],
                "direction": "Inbound",
                "name": "db",
                "priority": 300,
                "protocol": "Tcp",
                "source_address_prefix": "",
                "source_address_prefixes": [
                  "10.0.0.0/16",
                  "192.168.0.0/16"
                ],
                "source_application_security_group_ids": [],
                "source_port_range": "*",
                "source_port_ranges": []
              }
            ],
            "tags": {},
            "timeouts": null
          },
          "sensitive_attributes": [],
          "identity_schema_version": 0,
          "identity": {
            "name": "www_nsg_db",
            "resource_group_name": "04-T1-www2",
            "subscription_id": "99b79efe-ebd6-468c-b39f-5669acb259e1"
          },
          "private": "eyJlMmJmYjczMC1lY2FhLTExZTYtOGY4OC0zNDM2M2JjN2M0YzAiOnsiY3JlYXRlIjoxODAwMDAwMDAwMDAwLCJkZWxldGUiOjE4MDAwMDAwMDAwMDAsInJlYWQiOjMwMDAwMDAwMDAwMCwidXBkYXRlIjoxODAwMDAwMDAwMDAwfX0="
        }
      ]
    },
    {
      "mode": "managed",
      "type": "azurerm_network_security_group",
      "name": "www_nsg_http",
      "provider": "provider[\"registry.terraform.io/hashicorp/azurerm\"]",
      "instances": [
        {
          "schema_version": 0,
          "attributes": {
            "id": "/subscriptions/99b79efe-ebd6-468c-b39f-5669acb259e1/resourceGroups/04-T1-www2/providers/Microsoft.Network/networkSecurityGroups/www_nsg_http",
            "location": "koreacentral",
            "name": "www_nsg_http",
            "resource_group_name": "04-T1-www2",
            "security_rule": [
              {
                "access": "Allow",
                "description": "",
                "destination_address_prefix": "10.0.0.0/16",
                "destination_address_prefixes": [],
                "destination_application_security_group_ids": [],
                "destination_port_range": "22",
                "destination_port_ranges": [],
                "direction": "Inbound",
                "name": "ssh",
                "priority": 100,
                "protocol": "Tcp",
                "source_address_prefix": "",
                "source_address_prefixes": [
                  "10.0.0.0/16",
                  "192.168.0.0/16",
                  "61.108.60.26"
                ],
                "source_application_security_group_ids": [],
                "source_port_range": "*",
                "source_port_ranges": []
              },
              {
                "access": "Allow",
                "description": "",
                "destination_address_prefix": "10.0.0.0/16",
                "destination_address_prefixes": [],
                "destination_application_security_group_ids": [],
                "destination_port_range": "80",
                "destination_port_ranges": [],
                "direction": "Inbound",
                "name": "http",
                "priority": 200,
                "protocol": "Tcp",
                "source_address_prefix": "*",
                "source_address_prefixes": [],
                "source_application_security_group_ids": [],
                "source_port_range": "*",
                "source_port_ranges": []
              }
            ],
            "tags": {},
            "timeouts": null
          },
          "sensitive_attributes": [],
          "identity_schema_version": 0,
          "identity": {
            "name": "www_nsg_http",
            "resource_group_name": "04-T1-www2",
            "subscription_id": "99b79efe-ebd6-468c-b39f-5669acb259e1"
          },
          "private": "eyJlMmJmYjczMC1lY2FhLTExZTYtOGY4OC0zNDM2M2JjN2M0YzAiOnsiY3JlYXRlIjoxODAwMDAwMDAwMDAwLCJkZWxldGUiOjE4MDAwMDAwMDAwMDAsInJlYWQiOjMwMDAwMDAwMDAwMCwidXBkYXRlIjoxODAwMDAwMDAwMDAwfX0="
        }
      ]
    },
    {
      "mode": "managed",
      "type": "azurerm_network_security_group",
      "name": "www_nsg_ssh",
      "provider": "provider[\"registry.terraform.io/hashicorp/azurerm\"]",
      "instances": [
        {
          "schema_version": 0,
          "attributes": {
            "id": "/subscriptions/99b79efe-ebd6-468c-b39f-5669acb259e1/resourceGroups/04-T1-www2/providers/Microsoft.Network/networkSecurityGroups/www_nsg_ssh",
            "location": "koreacentral",
            "name": "www_nsg_ssh",
            "resource_group_name": "04-T1-www2",
            "security_rule": [
              {
                "access": "Allow",
                "description": "",
                "destination_address_prefix": "10.0.0.0/16",
                "destination_address_prefixes": [],
                "destination_application_security_group_ids": [],
                "destination_port_range": "22",
                "destination_port_ranges": [],
                "direction": "Inbound",
                "name": "ssh",
                "priority": 100,
                "protocol": "Tcp",
                "source_address_prefix": "",
                "source_address_prefixes": [
                  "10.0.0.0/16",
                  "192.168.0.0/16",
                  "61.108.60.26"
                ],
                "source_application_security_group_ids": [],
                "source_port_range": "*",
                "source_port_ranges": []
              }
            ],
            "tags": {},
            "timeouts": null
          },
          "sensitive_attributes": [],
          "identity_schema_version": 0,
          "identity": {
            "name": "www_nsg_ssh",
            "resource_group_name": "04-T1-www2",
            "subscription_id": "99b79efe-ebd6-468c-b39f-5669acb259e1"
          },
          "private": "eyJlMmJmYjczMC1lY2FhLTExZTYtOGY4OC0zNDM2M2JjN2M0YzAiOnsiY3JlYXRlIjoxODAwMDAwMDAwMDAwLCJkZWxldGUiOjE4MDAwMDAwMDAwMDAsInJlYWQiOjMwMDAwMDAwMDAwMCwidXBkYXRlIjoxODAwMDAwMDAwMDAwfX0="
        }
      ]
    },
    {
      "mode": "managed",
      "type": "azurerm_network_security_group",
      "name": "www_v1_nsg_http",
      "provider": "provider[\"registry.terraform.io/hashicorp/azurerm\"]",
      "instances": [
        {
          "schema_version": 0,
          "attributes": {
            "id": "/subscriptions/99b79efe-ebd6-468c-b39f-5669acb259e1/resourceGroups/04-T1-www2/providers/Microsoft.Network/networkSecurityGroups/www_v1_nsg_http",
            "location": "koreasouth",
            "name": "www_v1_nsg_http",
            "resource_group_name": "04-T1-www2",
            "security_rule": [
              {
                "access": "Allow",
                "description": "",
                "destination_address_prefix": "10.0.0.0/16",
                "destination_address_prefixes": [],
                "destination_application_security_group_ids": [],
                "destination_port_range": "22",
                "destination_port_ranges": [],
                "direction": "Inbound",
                "name": "ssh",
                "priority": 100,
                "protocol": "Tcp",
                "source_address_prefix": "",
                "source_address_prefixes": [
                  "10.0.0.0/16",
                  "192.168.0.0/16",
                  "61.108.60.26"
                ],
                "source_application_security_group_ids": [],
                "source_port_range": "*",
                "source_port_ranges": []
              },
              {
                "access": "Allow",
                "description": "",
                "destination_address_prefix": "10.0.0.0/16",
                "destination_address_prefixes": [],
                "destination_application_security_group_ids": [],
                "destination_port_range": "80",
                "destination_port_ranges": [],
                "direction": "Inbound",
                "name": "http",
                "priority": 200,
                "protocol": "Tcp",
                "source_address_prefix": "*",
                "source_address_prefixes": [],
                "source_application_security_group_ids": [],
                "source_port_range": "*",
                "source_port_ranges": []
              }
            ],
            "tags": {},
            "timeouts": null
          },
          "sensitive_attributes": [],
          "identity_schema_version": 0,
          "identity": {
            "name": "www_v1_nsg_http",
            "resource_group_name": "04-T1-www2",
            "subscription_id": "99b79efe-ebd6-468c-b39f-5669acb259e1"
          },
          "private": "eyJlMmJmYjczMC1lY2FhLTExZTYtOGY4OC0zNDM2M2JjN2M0YzAiOnsiY3JlYXRlIjoxODAwMDAwMDAwMDAwLCJkZWxldGUiOjE4MDAwMDAwMDAwMDAsInJlYWQiOjMwMDAwMDAwMDAwMCwidXBkYXRlIjoxODAwMDAwMDAwMDAwfX0="
        }
      ]
    },
    {
      "mode": "managed",
      "type": "azurerm_public_ip",
      "name": "www_appip",
      "provider": "provider[\"registry.terraform.io/hashicorp/azurerm\"]",
      "instances": [
        {
          "schema_version": 0,
          "attributes": {
            "allocation_method": "Static",
            "ddos_protection_mode": "VirtualNetworkInherited",
            "ddos_protection_plan_id": null,
            "domain_name_label": null,
            "domain_name_label_scope": null,
            "edge_zone": "",
            "fqdn": null,
            "id": "/subscriptions/99b79efe-ebd6-468c-b39f-5669acb259e1/resourceGroups/04-T1-www2/providers/Microsoft.Network/publicIPAddresses/www2-appip",
            "idle_timeout_in_minutes": 4,
            "ip_address": "20.214.25.93",
            "ip_tags": {},
            "ip_version": "IPv4",
            "location": "koreasouth",
            "name": "www2-appip",
            "public_ip_prefix_id": null,
            "resource_group_name": "04-T1-www2",
            "reverse_fqdn": null,
            "sku": "Standard",
            "sku_tier": "Regional",
            "tags": {},
            "timeouts": null,
            "zones": []
          },
          "sensitive_attributes": [],
          "identity_schema_version": 0,
          "private": "eyJlMmJmYjczMC1lY2FhLTExZTYtOGY4OC0zNDM2M2JjN2M0YzAiOnsiY3JlYXRlIjoxODAwMDAwMDAwMDAwLCJkZWxldGUiOjE4MDAwMDAwMDAwMDAsInJlYWQiOjMwMDAwMDAwMDAwMCwidXBkYXRlIjoxODAwMDAwMDAwMDAwfX0="
        }
      ]
    },
    {
      "mode": "managed",
      "type": "azurerm_public_ip",
      "name": "www_basip",
      "provider": "provider[\"registry.terraform.io/hashicorp/azurerm\"]",
      "instances": [
        {
          "schema_version": 0,
          "attributes": {
            "allocation_method": "Static",
            "ddos_protection_mode": "VirtualNetworkInherited",
            "ddos_protection_plan_id": null,
            "domain_name_label": null,
            "domain_name_label_scope": null,
            "edge_zone": "",
            "fqdn": null,
            "id": "/subscriptions/99b79efe-ebd6-468c-b39f-5669acb259e1/resourceGroups/04-T1-www2/providers/Microsoft.Network/publicIPAddresses/www2-pubip",
            "idle_timeout_in_minutes": 4,
            "ip_address": "20.194.61.143",
            "ip_tags": {},
            "ip_version": "IPv4",
            "location": "koreacentral",
            "name": "www2-pubip",
            "public_ip_prefix_id": null,
            "resource_group_name": "04-T1-www2",
            "reverse_fqdn": null,
            "sku": "Standard",
            "sku_tier": "Regional",
            "tags": {},
            "timeouts": null,
            "zones": []
          },
          "sensitive_attributes": [],
          "identity_schema_version": 0,
          "private": "eyJlMmJmYjczMC1lY2FhLTExZTYtOGY4OC0zNDM2M2JjN2M0YzAiOnsiY3JlYXRlIjoxODAwMDAwMDAwMDAwLCJkZWxldGUiOjE4MDAwMDAwMDAwMDAsInJlYWQiOjMwMDAwMDAwMDAwMCwidXBkYXRlIjoxODAwMDAwMDAwMDAwfX0="
        }
      ]
    },
    {
      "mode": "managed",
      "type": "azurerm_public_ip",
      "name": "www_natip",
      "provider": "provider[\"registry.terraform.io/hashicorp/azurerm\"]",
      "instances": [
        {
          "schema_version": 0,
          "attributes": {
            "allocation_method": "Static",
            "ddos_protection_mode": "VirtualNetworkInherited",
            "ddos_protection_plan_id": null,
            "domain_name_label": null,
            "domain_name_label_scope": null,
            "edge_zone": "",
            "fqdn": null,
            "id": "/subscriptions/99b79efe-ebd6-468c-b39f-5669acb259e1/resourceGroups/04-T1-www2/providers/Microsoft.Network/publicIPAddresses/www2-natip",
            "idle_timeout_in_minutes": 4,
            "ip_address": "20.194.109.97",
            "ip_tags": {},
            "ip_version": "IPv4",
            "location": "koreacentral",
            "name": "www2-natip",
            "public_ip_prefix_id": null,
            "resource_group_name": "04-T1-www2",
            "reverse_fqdn": null,
            "sku": "Standard",
            "sku_tier": "Regional",
            "tags": {},
            "timeouts": null,
            "zones": []
          },
          "sensitive_attributes": [],
          "identity_schema_version": 0,
          "private": "eyJlMmJmYjczMC1lY2FhLTExZTYtOGY4OC0zNDM2M2JjN2M0YzAiOnsiY3JlYXRlIjoxODAwMDAwMDAwMDAwLCJkZWxldGUiOjE4MDAwMDAwMDAwMDAsInJlYWQiOjMwMDAwMDAwMDAwMCwidXBkYXRlIjoxODAwMDAwMDAwMDAwfX0="
        }
      ]
    },
    {
      "mode": "managed",
      "type": "azurerm_public_ip",
      "name": "www_natip_v1",
      "provider": "provider[\"registry.terraform.io/hashicorp/azurerm\"]",
      "instances": [
        {
          "schema_version": 0,
          "attributes": {
            "allocation_method": "Static",
            "ddos_protection_mode": "VirtualNetworkInherited",
            "ddos_protection_plan_id": null,
            "domain_name_label": null,
            "domain_name_label_scope": null,
            "edge_zone": "",
            "fqdn": null,
            "id": "/subscriptions/99b79efe-ebd6-468c-b39f-5669acb259e1/resourceGroups/04-T1-www2/providers/Microsoft.Network/publicIPAddresses/www2-natip-v1",
            "idle_timeout_in_minutes": 4,
            "ip_address": "20.200.146.45",
            "ip_tags": {},
            "ip_version": "IPv4",
            "location": "koreasouth",
            "name": "www2-natip-v1",
            "public_ip_prefix_id": null,
            "resource_group_name": "04-T1-www2",
            "reverse_fqdn": null,
            "sku": "Standard",
            "sku_tier": "Regional",
            "tags": {},
            "timeouts": null,
            "zones": []
          },
          "sensitive_attributes": [],
          "identity_schema_version": 0,
          "private": "eyJlMmJmYjczMC1lY2FhLTExZTYtOGY4OC0zNDM2M2JjN2M0YzAiOnsiY3JlYXRlIjoxODAwMDAwMDAwMDAwLCJkZWxldGUiOjE4MDAwMDAwMDAwMDAsInJlYWQiOjMwMDAwMDAwMDAwMCwidXBkYXRlIjoxODAwMDAwMDAwMDAwfX0="
        }
      ]
    },
    {
      "mode": "managed",
      "type": "azurerm_resource_group",
      "name": "www_rg",
      "provider": "provider[\"registry.terraform.io/hashicorp/azurerm\"]",
      "instances": [
        {
          "schema_version": 0,
          "attributes": {
            "id": "/subscriptions/99b79efe-ebd6-468c-b39f-5669acb259e1/resourceGroups/04-T1-www2",
            "location": "koreacentral",
            "managed_by": "",
            "name": "04-T1-www2",
            "tags": {},
            "timeouts": null
          },
          "sensitive_attributes": [],
          "identity_schema_version": 0,
          "identity": {
            "name": "04-T1-www2",
            "subscription_id": "99b79efe-ebd6-468c-b39f-5669acb259e1"
          },
          "private": "eyJlMmJmYjczMC1lY2FhLTExZTYtOGY4OC0zNDM2M2JjN2M0YzAiOnsiY3JlYXRlIjo1NDAwMDAwMDAwMDAwLCJkZWxldGUiOjU0MDAwMDAwMDAwMDAsInJlYWQiOjMwMDAwMDAwMDAwMCwidXBkYXRlIjo1NDAwMDAwMDAwMDAwfX0="
        }
      ]
    },
    {
      "mode": "managed",
      "type": "azurerm_resource_group_policy_assignment",
      "name": "allowed_locations",
      "provider": "provider[\"registry.terraform.io/hashicorp/azurerm\"]",
      "instances": [
        {
          "schema_version": 0,
          "attributes": {
            "description": "이 정책은 리소스를 한국 리전(Central, South)에만 배포하도록 제한합니다.",
            "display_name": "Allowed Locations - Korea Only",
            "enforce": true,
            "id": "/subscriptions/99b79efe-ebd6-468c-b39f-5669acb259e1/resourceGroups/04-T1-www2/providers/Microsoft.Authorization/policyAssignments/allowed-locations",
            "identity": [],
            "location": "",
            "metadata": "{\"createdBy\":\"492131b6-671b-43f1-ac1e-db6a26222569\",\"createdOn\":\"2025-11-26T10:02:58.7012135Z\",\"updatedBy\":null,\"updatedOn\":null}",
            "name": "allowed-locations",
            "non_compliance_message": [],
            "not_scopes": [],
            "overrides": [],
            "parameters": "{\"listOfAllowedLocations\":{\"value\":[\"koreacentral\",\"koreasouth\"]}}",
            "policy_definition_id": "/providers/Microsoft.Authorization/policyDefinitions/e56962a6-4747-49cd-b67b-bf8b01975c4c",
            "resource_group_id": "/subscriptions/99b79efe-ebd6-468c-b39f-5669acb259e1/resourceGroups/04-T1-www2",
            "resource_selectors": [],
            "timeouts": null
          },
          "sensitive_attributes": [],
          "identity_schema_version": 0,
          "private": "eyJlMmJmYjczMC1lY2FhLTExZTYtOGY4OC0zNDM2M2JjN2M0YzAiOnsiY3JlYXRlIjoxODAwMDAwMDAwMDAwLCJkZWxldGUiOjE4MDAwMDAwMDAwMDAsInJlYWQiOjMwMDAwMDAwMDAwMCwidXBkYXRlIjoxODAwMDAwMDAwMDAwfX0=",
          "dependencies": [
            "azurerm_resource_group.www_rg"
          ]
        }
      ]
    },
    {
      "mode": "managed",
      "type": "azurerm_resource_group_policy_assignment",
      "name": "storage_https_only",
      "provider": "provider[\"registry.terraform.io/hashicorp/azurerm\"]",
      "instances": [
        {
          "schema_version": 0,
          "attributes": {
            "description": "Storage Account는 HTTPS를 통해서만 액세스할 수 있어야 합니다.",
            "display_name": "Storage Accounts - Secure transfer required",
            "enforce": true,
            "id": "/subscriptions/99b79efe-ebd6-468c-b39f-5669acb259e1/resourceGroups/04-T1-www2/providers/Microsoft.Authorization/policyAssignments/storage-https-only",
            "identity": [],
            "location": "",
            "metadata": "{\"createdBy\":\"492131b6-671b-43f1-ac1e-db6a26222569\",\"createdOn\":\"2025-11-26T10:02:58.8248544Z\",\"updatedBy\":null,\"updatedOn\":null}",
            "name": "storage-https-only",
            "non_compliance_message": [],
            "not_scopes": [],
            "overrides": [],
            "parameters": "",
            "policy_definition_id": "/providers/Microsoft.Authorization/policyDefinitions/404c3081-a854-4457-ae30-26a93ef643f9",
            "resource_group_id": "/subscriptions/99b79efe-ebd6-468c-b39f-5669acb259e1/resourceGroups/04-T1-www2",
            "resource_selectors": [],
            "timeouts": null
          },
          "sensitive_attributes": [],
          "identity_schema_version": 0,
          "private": "eyJlMmJmYjczMC1lY2FhLTExZTYtOGY4OC0zNDM2M2JjN2M0YzAiOnsiY3JlYXRlIjoxODAwMDAwMDAwMDAwLCJkZWxldGUiOjE4MDAwMDAwMDAwMDAsInJlYWQiOjMwMDAwMDAwMDAwMCwidXBkYXRlIjoxODAwMDAwMDAwMDAwfX0=",
          "dependencies": [
            "azurerm_resource_group.www_rg"
          ]
        }
      ]
    },
    {
      "mode": "managed",
      "type": "azurerm_resource_group_policy_assignment",
      "name": "subnet_nsg_required",
      "provider": "provider[\"registry.terraform.io/hashicorp/azurerm\"]",
      "instances": [
        {
          "schema_version": 0,
          "attributes": {
            "description": "이 정책은 NSG가 없는 서브넷을 감사합니다.",
            "display_name": "Subnets should have a Network Security Group",
            "enforce": true,
            "id": "/subscriptions/99b79efe-ebd6-468c-b39f-5669acb259e1/resourceGroups/04-T1-www2/providers/Microsoft.Authorization/policyAssignments/subnet-nsg-required",
            "identity": [],
            "location": "",
            "metadata": "{\"createdBy\":\"492131b6-671b-43f1-ac1e-db6a26222569\",\"createdOn\":\"2025-11-26T10:02:58.7961073Z\",\"updatedBy\":null,\"updatedOn\":null}",
            "name": "subnet-nsg-required",
            "non_compliance_message": [],
            "not_scopes": [],
            "overrides": [],
            "parameters": "",
            "policy_definition_id": "/providers/Microsoft.Authorization/policyDefinitions/e71308d3-144b-4262-b144-efdc3cc90517",
            "resource_group_id": "/subscriptions/99b79efe-ebd6-468c-b39f-5669acb259e1/resourceGroups/04-T1-www2",
            "resource_selectors": [],
            "timeouts": null
          },
          "sensitive_attributes": [],
          "identity_schema_version": 0,
          "private": "eyJlMmJmYjczMC1lY2FhLTExZTYtOGY4OC0zNDM2M2JjN2M0YzAiOnsiY3JlYXRlIjoxODAwMDAwMDAwMDAwLCJkZWxldGUiOjE4MDAwMDAwMDAwMDAsInJlYWQiOjMwMDAwMDAwMDAwMCwidXBkYXRlIjoxODAwMDAwMDAwMDAwfX0=",
          "dependencies": [
            "azurerm_resource_group.www_rg"
          ]
        }
      ]
    },
    {
      "mode": "managed",
      "type": "azurerm_resource_group_policy_assignment",
      "name": "vm_managed_disk",
      "provider": "provider[\"registry.terraform.io/hashicorp/azurerm\"]",
      "instances": [
        {
          "schema_version": 0,
          "attributes": {
            "description": "이 정책은 관리 디스크를 사용하지 않는 VM을 감사합니다.",
            "display_name": "Audit VMs that do not use managed disks",
            "enforce": true,
            "id": "/subscriptions/99b79efe-ebd6-468c-b39f-5669acb259e1/resourceGroups/04-T1-www2/providers/Microsoft.Authorization/policyAssignments/vm-managed-disk",
            "identity": [],
            "location": "",
            "metadata": "{\"createdBy\":\"492131b6-671b-43f1-ac1e-db6a26222569\",\"createdOn\":\"2025-11-26T10:02:58.8060545Z\",\"updatedBy\":null,\"updatedOn\":null}",
            "name": "vm-managed-disk",
            "non_compliance_message": [],
            "not_scopes": [],
            "overrides": [],
            "parameters": "",
            "policy_definition_id": "/providers/Microsoft.Authorization/policyDefinitions/06a78e20-9358-41c9-923c-fb736d382a4d",
            "resource_group_id": "/subscriptions/99b79efe-ebd6-468c-b39f-5669acb259e1/resourceGroups/04-T1-www2",
            "resource_selectors": [],
            "timeouts": null
          },
          "sensitive_attributes": [],
          "identity_schema_version": 0,
          "private": "eyJlMmJmYjczMC1lY2FhLTExZTYtOGY4OC0zNDM2M2JjN2M0YzAiOnsiY3JlYXRlIjoxODAwMDAwMDAwMDAwLCJkZWxldGUiOjE4MDAwMDAwMDAwMDAsInJlYWQiOjMwMDAwMDAwMDAwMCwidXBkYXRlIjoxODAwMDAwMDAwMDAwfX0=",
          "dependencies": [
            "azurerm_resource_group.www_rg"
          ]
        }
      ]
    },
    {
      "mode": "managed",
      "type": "azurerm_role_assignment",
      "name": "compute_role",
      "provider": "provider[\"registry.terraform.io/hashicorp/azurerm\"]",
      "instances": [
        {
          "schema_version": 0,
          "attributes": {
            "condition": "",
            "condition_version": "",
            "delegated_managed_identity_resource_id": "",
            "description": "",
            "id": "/subscriptions/99b79efe-ebd6-468c-b39f-5669acb259e1/resourceGroups/04-T1-www2/providers/Microsoft.Authorization/roleAssignments/ef4173de-e1ef-4d72-c7c4-5f5108957590",
            "name": "ef4173de-e1ef-4d72-c7c4-5f5108957590",
            "principal_id": "5a54cace-68ce-40f1-b485-b32a226e50e5",
            "principal_type": "User",
            "role_definition_id": "/subscriptions/99b79efe-ebd6-468c-b39f-5669acb259e1/providers/Microsoft.Authorization/roleDefinitions/9980e02c-c2be-4d73-94e8-173b1dc7cf3c",
            "role_definition_name": "Virtual Machine Contributor",
            "scope": "/subscriptions/99b79efe-ebd6-468c-b39f-5669acb259e1/resourceGroups/04-T1-www2",
            "skip_service_principal_aad_check": null,
            "timeouts": null
          },
          "sensitive_attributes": [],
          "identity_schema_version": 0,
          "private": "eyJlMmJmYjczMC1lY2FhLTExZTYtOGY4OC0zNDM2M2JjN2M0YzAiOnsiY3JlYXRlIjoxODAwMDAwMDAwMDAwLCJkZWxldGUiOjE4MDAwMDAwMDAwMDAsInJlYWQiOjMwMDAwMDAwMDAwMH19",
          "dependencies": [
            "azurerm_resource_group.www_rg",
            "data.azuread_user.compute_admin"
          ]
        }
      ]
    },
    {
      "mode": "managed",
      "type": "azurerm_role_assignment",
      "name": "db_role",
      "provider": "provider[\"registry.terraform.io/hashicorp/azurerm\"]",
      "instances": [
        {
          "schema_version": 0,
          "attributes": {
            "condition": "",
            "condition_version": "",
            "delegated_managed_identity_resource_id": "",
            "description": "",
            "id": "/subscriptions/99b79efe-ebd6-468c-b39f-5669acb259e1/resourceGroups/04-T1-www2/providers/Microsoft.Authorization/roleAssignments/cd4491e2-a871-90b3-ef01-b23a917c0d94",
            "name": "cd4491e2-a871-90b3-ef01-b23a917c0d94",
            "principal_id": "492131b6-671b-43f1-ac1e-db6a26222569",
            "principal_type": "User",
            "role_definition_id": "/subscriptions/99b79efe-ebd6-468c-b39f-5669acb259e1/providers/Microsoft.Authorization/roleDefinitions/b24988ac-6180-42a0-ab88-20f7382dd24c",
            "role_definition_name": "Contributor",
            "scope": "/subscriptions/99b79efe-ebd6-468c-b39f-5669acb259e1/resourceGroups/04-T1-www2",
            "skip_service_principal_aad_check": null,
            "timeouts": null
          },
          "sensitive_attributes": [],
          "identity_schema_version": 0,
          "private": "eyJlMmJmYjczMC1lY2FhLTExZTYtOGY4OC0zNDM2M2JjN2M0YzAiOnsiY3JlYXRlIjoxODAwMDAwMDAwMDAwLCJkZWxldGUiOjE4MDAwMDAwMDAwMDAsInJlYWQiOjMwMDAwMDAwMDAwMH19",
          "dependencies": [
            "azurerm_resource_group.www_rg",
            "data.azuread_user.db_admin"
          ]
        }
      ]
    },
    {
      "mode": "managed",
      "type": "azurerm_role_assignment",
      "name": "network_role",
      "provider": "provider[\"registry.terraform.io/hashicorp/azurerm\"]",
      "instances": [
        {
          "schema_version": 0,
          "attributes": {
            "condition": "",
            "condition_version": "",
            "delegated_managed_identity_resource_id": "",
            "description": "",
            "id": "/subscriptions/99b79efe-ebd6-468c-b39f-5669acb259e1/resourceGroups/04-T1-www2/providers/Microsoft.Authorization/roleAssignments/88a555ed-d4b2-5275-a8f3-50371915e9f7",
            "name": "88a555ed-d4b2-5275-a8f3-50371915e9f7",
            "principal_id": "459480bc-f44e-4582-8c98-71fa3d881811",
            "principal_type": "User",
            "role_definition_id": "/subscriptions/99b79efe-ebd6-468c-b39f-5669acb259e1/providers/Microsoft.Authorization/roleDefinitions/4d97b98b-1d4f-4787-a291-c67834d212e7",
            "role_definition_name": "Network Contributor",
            "scope": "/subscriptions/99b79efe-ebd6-468c-b39f-5669acb259e1/resourceGroups/04-T1-www2",
            "skip_service_principal_aad_check": null,
            "timeouts": null
          },
          "sensitive_attributes": [],
          "identity_schema_version": 0,
          "private": "eyJlMmJmYjczMC1lY2FhLTExZTYtOGY4OC0zNDM2M2JjN2M0YzAiOnsiY3JlYXRlIjoxODAwMDAwMDAwMDAwLCJkZWxldGUiOjE4MDAwMDAwMDAwMDAsInJlYWQiOjMwMDAwMDAwMDAwMH19",
          "dependencies": [
            "azurerm_resource_group.www_rg",
            "data.azuread_user.network_admin"
          ]
        }
      ]
    },
    {
      "mode": "managed",
      "type": "azurerm_role_assignment",
      "name": "pm_role",
      "provider": "provider[\"registry.terraform.io/hashicorp/azurerm\"]",
      "instances": [
        {
          "schema_version": 0,
          "attributes": {
            "condition": "",
            "condition_version": "",
            "delegated_managed_identity_resource_id": "",
            "description": "",
            "id": "/subscriptions/99b79efe-ebd6-468c-b39f-5669acb259e1/resourceGroups/04-T1-www2/providers/Microsoft.Authorization/roleAssignments/75839c01-8dd4-41ab-cde8-a4bb0c95df2a",
            "name": "75839c01-8dd4-41ab-cde8-a4bb0c95df2a",
            "principal_id": "cbca0876-4730-495c-8c47-18b9c9af868a",
            "principal_type": "User",
            "role_definition_id": "/subscriptions/99b79efe-ebd6-468c-b39f-5669acb259e1/providers/Microsoft.Authorization/roleDefinitions/8e3af657-a8ff-443c-a75c-2fe8c4bcb635",
            "role_definition_name": "Owner",
            "scope": "/subscriptions/99b79efe-ebd6-468c-b39f-5669acb259e1/resourceGroups/04-T1-www2",
            "skip_service_principal_aad_check": null,
            "timeouts": null
          },
          "sensitive_attributes": [],
          "identity_schema_version": 0,
          "private": "eyJlMmJmYjczMC1lY2FhLTExZTYtOGY4OC0zNDM2M2JjN2M0YzAiOnsiY3JlYXRlIjoxODAwMDAwMDAwMDAwLCJkZWxldGUiOjE4MDAwMDAwMDAwMDAsInJlYWQiOjMwMDAwMDAwMDAwMH19",
          "dependencies": [
            "azurerm_resource_group.www_rg",
            "data.azuread_user.pm_user"
          ]
        }
      ]
    },
    {
      "mode": "managed",
      "type": "azurerm_role_assignment",
      "name": "security_role",
      "provider": "provider[\"registry.terraform.io/hashicorp/azurerm\"]",
      "instances": [
        {
          "schema_version": 0,
          "attributes": {
            "condition": "",
            "condition_version": "",
            "delegated_managed_identity_resource_id": "",
            "description": "",
            "id": "/subscriptions/99b79efe-ebd6-468c-b39f-5669acb259e1/resourceGroups/04-T1-www2/providers/Microsoft.Authorization/roleAssignments/016c2587-52f7-e4f6-638a-5f2f9c0bd996",
            "name": "016c2587-52f7-e4f6-638a-5f2f9c0bd996",
            "principal_id": "b9d57093-411e-4141-b5a5-faf01b0edd17",
            "principal_type": "User",
            "role_definition_id": "/subscriptions/99b79efe-ebd6-468c-b39f-5669acb259e1/providers/Microsoft.Authorization/roleDefinitions/fb1c8493-542b-48eb-b624-b4c8fea62acd",
            "role_definition_name": "Security Admin",
            "scope": "/subscriptions/99b79efe-ebd6-468c-b39f-5669acb259e1/resourceGroups/04-T1-www2",
            "skip_service_principal_aad_check": null,
            "timeouts": null
          },
          "sensitive_attributes": [],
          "identity_schema_version": 0,
          "private": "eyJlMmJmYjczMC1lY2FhLTExZTYtOGY4OC0zNDM2M2JjN2M0YzAiOnsiY3JlYXRlIjoxODAwMDAwMDAwMDAwLCJkZWxldGUiOjE4MDAwMDAwMDAwMDAsInJlYWQiOjMwMDAwMDAwMDAwMH19",
          "dependencies": [
            "azurerm_resource_group.www_rg",
            "data.azuread_user.security_admin"
          ]
        }
      ]
    },
    {
      "mode": "managed",
      "type": "azurerm_shared_image",
      "name": "www_sig_image",
      "provider": "provider[\"registry.terraform.io/hashicorp/azurerm\"]",
      "instances": [
        {
          "schema_version": 0,
          "attributes": {
            "accelerated_network_support_enabled": false,
            "architecture": "x64",
            "confidential_vm_enabled": false,
            "confidential_vm_supported": false,
            "description": "",
            "disk_controller_type_nvme_enabled": false,
            "disk_types_not_allowed": [],
            "end_of_life_date": null,
            "eula": "",
            "gallery_name": "wwwgallery",
            "hibernation_enabled": false,
            "hyper_v_generation": "V2",
            "id": "/subscriptions/99b79efe-ebd6-468c-b39f-5669acb259e1/resourceGroups/04-T1-www2/providers/Microsoft.Compute/galleries/wwwgallery/images/www-image",
            "identifier": [
              {
                "offer": "rockylinux-x86_64",
                "publisher": "resf",
                "sku": "9-lvm"
              }
            ],
            "location": "koreacentral",
            "max_recommended_memory_in_gb": 4,
            "max_recommended_vcpu_count": 2,
            "min_recommended_memory_in_gb": 2,
            "min_recommended_vcpu_count": 1,
            "name": "www-image",
            "os_type": "Linux",
            "privacy_statement_uri": "",
            "purchase_plan": [],
            "release_note_uri": "",
            "resource_group_name": "04-T1-www2",
            "specialized": false,
            "tags": {},
            "timeouts": null,
            "trusted_launch_enabled": false,
            "trusted_launch_supported": false
          },
          "sensitive_attributes": [],
          "identity_schema_version": 0,
          "identity": {
            "gallery_name": "wwwgallery",
            "name": "www-image",
            "resource_group_name": "04-T1-www2",
            "subscription_id": "99b79efe-ebd6-468c-b39f-5669acb259e1"
          },
          "private": "eyJlMmJmYjczMC1lY2FhLTExZTYtOGY4OC0zNDM2M2JjN2M0YzAiOnsiY3JlYXRlIjoxODAwMDAwMDAwMDAwLCJkZWxldGUiOjE4MDAwMDAwMDAwMDAsInJlYWQiOjMwMDAwMDAwMDAwMCwidXBkYXRlIjoxODAwMDAwMDAwMDAwfX0=",
          "dependencies": [
            "azurerm_resource_group.www_rg",
            "azurerm_shared_image_gallery.www_gallery"
          ]
        }
      ]
    },
    {
      "mode": "managed",
      "type": "azurerm_shared_image_gallery",
      "name": "www_gallery",
      "provider": "provider[\"registry.terraform.io/hashicorp/azurerm\"]",
      "instances": [
        {
          "schema_version": 0,
          "attributes": {
            "description": "",
            "id": "/subscriptions/99b79efe-ebd6-468c-b39f-5669acb259e1/resourceGroups/04-T1-www2/providers/Microsoft.Compute/galleries/wwwgallery",
            "location": "koreacentral",
            "name": "wwwgallery",
            "resource_group_name": "04-T1-www2",
            "sharing": [],
            "tags": {},
            "timeouts": null,
            "unique_name": "99b79efe-ebd6-468c-b39f-5669acb259e1-WWWGALLERY"
          },
          "sensitive_attributes": [],
          "identity_schema_version": 0,
          "identity": {
            "name": "wwwgallery",
            "resource_group_name": "04-T1-www2",
            "subscription_id": "99b79efe-ebd6-468c-b39f-5669acb259e1"
          },
          "private": "eyJlMmJmYjczMC1lY2FhLTExZTYtOGY4OC0zNDM2M2JjN2M0YzAiOnsiY3JlYXRlIjoxODAwMDAwMDAwMDAwLCJkZWxldGUiOjE4MDAwMDAwMDAwMDAsInJlYWQiOjMwMDAwMDAwMDAwMCwidXBkYXRlIjoxODAwMDAwMDAwMDAwfX0=",
          "dependencies": [
            "azurerm_resource_group.www_rg"
          ]
        }
      ]
    },
    {
      "mode": "managed",
      "type": "azurerm_shared_image_version",
      "name": "www_version",
      "provider": "provider[\"registry.terraform.io/hashicorp/azurerm\"]",
      "instances": [
        {
          "schema_version": 0,
          "attributes": {
            "blob_uri": "",
            "deletion_of_replicated_locations_enabled": false,
            "end_of_life_date": null,
            "exclude_from_latest": false,
            "gallery_name": "wwwgallery",
            "id": "/subscriptions/99b79efe-ebd6-468c-b39f-5669acb259e1/resourceGroups/04-T1-www2/providers/Microsoft.Compute/galleries/wwwgallery/images/www-image/versions/1.0.0",
            "image_name": "www-image",
            "location": "koreacentral",
            "managed_image_id": "/subscriptions/99b79efe-ebd6-468c-b39f-5669acb259e1/resourceGroups/04-T1-www2/providers/Microsoft.Compute/images/www-image",
            "name": "1.0.0",
            "os_disk_snapshot_id": "",
            "replication_mode": "Full",
            "resource_group_name": "04-T1-www2",
            "storage_account_id": "",
            "tags": {},
            "target_region": [
              {
                "disk_encryption_set_id": "",
                "exclude_from_latest_enabled": false,
                "name": "koreacentral",
                "regional_replica_count": 1,
                "storage_account_type": "Standard_LRS"
              }
            ],
            "timeouts": null
          },
          "sensitive_attributes": [],
          "identity_schema_version": 0,
          "private": "eyJlMmJmYjczMC1lY2FhLTExZTYtOGY4OC0zNDM2M2JjN2M0YzAiOnsiY3JlYXRlIjoxODAwMDAwMDAwMDAwLCJkZWxldGUiOjE4MDAwMDAwMDAwMDAsInJlYWQiOjMwMDAwMDAwMDAwMCwidXBkYXRlIjoxODAwMDAwMDAwMDAwfX0=",
          "dependencies": [
            "azurerm_image.www_image",
            "azurerm_linux_virtual_machine.www_web2vm",
            "azurerm_managed_disk.www_disk",
            "azurerm_network_interface.www_web2_nic",
            "azurerm_resource_group.www_rg",
            "azurerm_shared_image.www_sig_image",
            "azurerm_shared_image_gallery.www_gallery",
            "azurerm_subnet.www_web2",
            "azurerm_virtual_network.www_vnet0",
            "null_resource.www_web2_deallocate"
          ]
        }
      ]
    },
    {
      "mode": "managed",
      "type": "azurerm_subnet",
      "name": "www_appgw",
      "provider": "provider[\"registry.terraform.io/hashicorp/azurerm\"]",
      "instances": [
        {
          "schema_version": 0,
          "attributes": {
            "address_prefixes": [
              "192.168.0.0/24"
            ],
            "default_outbound_access_enabled": true,
            "delegation": [],
            "id": "/subscriptions/99b79efe-ebd6-468c-b39f-5669acb259e1/resourceGroups/04-T1-www2/providers/Microsoft.Network/virtualNetworks/www2-vnet1/subnets/www2-appgw",
            "ip_address_pool": [],
            "name": "www2-appgw",
            "private_endpoint_network_policies": "Disabled",
            "private_link_service_network_policies_enabled": true,
            "resource_group_name": "04-T1-www2",
            "service_endpoint_policy_ids": [],
            "service_endpoints": [],
            "sharing_scope": "",
            "timeouts": null,
            "virtual_network_name": "www2-vnet1"
          },
          "sensitive_attributes": [],
          "identity_schema_version": 0,
          "identity": {
            "name": "www2-appgw",
            "resource_group_name": "04-T1-www2",
            "subscription_id": "99b79efe-ebd6-468c-b39f-5669acb259e1",
            "virtual_network_name": "www2-vnet1"
          },
          "private": "eyJlMmJmYjczMC1lY2FhLTExZTYtOGY4OC0zNDM2M2JjN2M0YzAiOnsiY3JlYXRlIjoxODAwMDAwMDAwMDAwLCJkZWxldGUiOjE4MDAwMDAwMDAwMDAsInJlYWQiOjMwMDAwMDAwMDAwMCwidXBkYXRlIjoxODAwMDAwMDAwMDAwfX0=",
          "dependencies": [
            "azurerm_virtual_network.www_vnet1"
          ]
        }
      ]
    },
    {
      "mode": "managed",
      "type": "azurerm_subnet",
      "name": "www_bas",
      "provider": "provider[\"registry.terraform.io/hashicorp/azurerm\"]",
      "instances": [
        {
          "schema_version": 0,
          "attributes": {
            "address_prefixes": [
              "10.0.0.0/24"
            ],
            "default_outbound_access_enabled": true,
            "delegation": [],
            "id": "/subscriptions/99b79efe-ebd6-468c-b39f-5669acb259e1/resourceGroups/04-T1-www2/providers/Microsoft.Network/virtualNetworks/www2-vnet0/subnets/www2-bas",
            "ip_address_pool": [],
            "name": "www2-bas",
            "private_endpoint_network_policies": "Disabled",
            "private_link_service_network_policies_enabled": true,
            "resource_group_name": "04-T1-www2",
            "service_endpoint_policy_ids": [],
            "service_endpoints": [],
            "sharing_scope": "",
            "timeouts": null,
            "virtual_network_name": "www2-vnet0"
          },
          "sensitive_attributes": [],
          "identity_schema_version": 0,
          "identity": {
            "name": "www2-bas",
            "resource_group_name": "04-T1-www2",
            "subscription_id": "99b79efe-ebd6-468c-b39f-5669acb259e1",
            "virtual_network_name": "www2-vnet0"
          },
          "private": "eyJlMmJmYjczMC1lY2FhLTExZTYtOGY4OC0zNDM2M2JjN2M0YzAiOnsiY3JlYXRlIjoxODAwMDAwMDAwMDAwLCJkZWxldGUiOjE4MDAwMDAwMDAwMDAsInJlYWQiOjMwMDAwMDAwMDAwMCwidXBkYXRlIjoxODAwMDAwMDAwMDAwfX0=",
          "dependencies": [
            "azurerm_virtual_network.www_vnet0"
          ]
        }
      ]
    },
    {
      "mode": "managed",
      "type": "azurerm_subnet",
      "name": "www_db",
      "provider": "provider[\"registry.terraform.io/hashicorp/azurerm\"]",
      "instances": [
        {
          "schema_version": 0,
          "attributes": {
            "address_prefixes": [
              "10.0.4.0/24"
            ],
            "default_outbound_access_enabled": false,
            "delegation": [],
            "id": "/subscriptions/99b79efe-ebd6-468c-b39f-5669acb259e1/resourceGroups/04-T1-www2/providers/Microsoft.Network/virtualNetworks/www2-vnet0/subnets/www2-db",
            "ip_address_pool": [],
            "name": "www2-db",
            "private_endpoint_network_policies": "Disabled",
            "private_link_service_network_policies_enabled": true,
            "resource_group_name": "04-T1-www2",
            "service_endpoint_policy_ids": [],
            "service_endpoints": [],
            "sharing_scope": "",
            "timeouts": null,
            "virtual_network_name": "www2-vnet0"
          },
          "sensitive_attributes": [],
          "identity_schema_version": 0,
          "identity": {
            "name": "www2-db",
            "resource_group_name": "04-T1-www2",
            "subscription_id": "99b79efe-ebd6-468c-b39f-5669acb259e1",
            "virtual_network_name": "www2-vnet0"
          },
          "private": "eyJlMmJmYjczMC1lY2FhLTExZTYtOGY4OC0zNDM2M2JjN2M0YzAiOnsiY3JlYXRlIjoxODAwMDAwMDAwMDAwLCJkZWxldGUiOjE4MDAwMDAwMDAwMDAsInJlYWQiOjMwMDAwMDAwMDAwMCwidXBkYXRlIjoxODAwMDAwMDAwMDAwfX0=",
          "dependencies": [
            "azurerm_virtual_network.www_vnet0"
          ]
        }
      ]
    },
    {
      "mode": "managed",
      "type": "azurerm_subnet",
      "name": "www_nat",
      "provider": "provider[\"registry.terraform.io/hashicorp/azurerm\"]",
      "instances": [
        {
          "schema_version": 0,
          "attributes": {
            "address_prefixes": [
              "10.0.1.0/24"
            ],
            "default_outbound_access_enabled": true,
            "delegation": [],
            "id": "/subscriptions/99b79efe-ebd6-468c-b39f-5669acb259e1/resourceGroups/04-T1-www2/providers/Microsoft.Network/virtualNetworks/www2-vnet0/subnets/www2-nat",
            "ip_address_pool": [],
            "name": "www2-nat",
            "private_endpoint_network_policies": "Disabled",
            "private_link_service_network_policies_enabled": true,
            "resource_group_name": "04-T1-www2",
            "service_endpoint_policy_ids": [],
            "service_endpoints": [],
            "sharing_scope": "",
            "timeouts": null,
            "virtual_network_name": "www2-vnet0"
          },
          "sensitive_attributes": [],
          "identity_schema_version": 0,
          "identity": {
            "name": "www2-nat",
            "resource_group_name": "04-T1-www2",
            "subscription_id": "99b79efe-ebd6-468c-b39f-5669acb259e1",
            "virtual_network_name": "www2-vnet0"
          },
          "private": "eyJlMmJmYjczMC1lY2FhLTExZTYtOGY4OC0zNDM2M2JjN2M0YzAiOnsiY3JlYXRlIjoxODAwMDAwMDAwMDAwLCJkZWxldGUiOjE4MDAwMDAwMDAwMDAsInJlYWQiOjMwMDAwMDAwMDAwMCwidXBkYXRlIjoxODAwMDAwMDAwMDAwfX0=",
          "dependencies": [
            "azurerm_virtual_network.www_vnet0"
          ]
        }
      ]
    },
    {
      "mode": "managed",
      "type": "azurerm_subnet",
      "name": "www_nat_v1",
      "provider": "provider[\"registry.terraform.io/hashicorp/azurerm\"]",
      "instances": [
        {
          "schema_version": 0,
          "attributes": {
            "address_prefixes": [
              "192.168.1.0/24"
            ],
            "default_outbound_access_enabled": true,
            "delegation": [],
            "id": "/subscriptions/99b79efe-ebd6-468c-b39f-5669acb259e1/resourceGroups/04-T1-www2/providers/Microsoft.Network/virtualNetworks/www2-vnet1/subnets/www2-nat-v1",
            "ip_address_pool": [],
            "name": "www2-nat-v1",
            "private_endpoint_network_policies": "Disabled",
            "private_link_service_network_policies_enabled": true,
            "resource_group_name": "04-T1-www2",
            "service_endpoint_policy_ids": [],
            "service_endpoints": [],
            "sharing_scope": "",
            "timeouts": null,
            "virtual_network_name": "www2-vnet1"
          },
          "sensitive_attributes": [],
          "identity_schema_version": 0,
          "identity": {
            "name": "www2-nat-v1",
            "resource_group_name": "04-T1-www2",
            "subscription_id": "99b79efe-ebd6-468c-b39f-5669acb259e1",
            "virtual_network_name": "www2-vnet1"
          },
          "private": "eyJlMmJmYjczMC1lY2FhLTExZTYtOGY4OC0zNDM2M2JjN2M0YzAiOnsiY3JlYXRlIjoxODAwMDAwMDAwMDAwLCJkZWxldGUiOjE4MDAwMDAwMDAwMDAsInJlYWQiOjMwMDAwMDAwMDAwMCwidXBkYXRlIjoxODAwMDAwMDAwMDAwfX0=",
          "dependencies": [
            "azurerm_virtual_network.www_vnet1"
          ]
        }
      ]
    },
    {
      "mode": "managed",
      "type": "azurerm_subnet",
      "name": "www_vmss",
      "provider": "provider[\"registry.terraform.io/hashicorp/azurerm\"]",
      "instances": [
        {
          "schema_version": 0,
          "attributes": {
            "address_prefixes": [
              "192.168.4.0/24"
            ],
            "default_outbound_access_enabled": false,
            "delegation": [],
            "id": "/subscriptions/99b79efe-ebd6-468c-b39f-5669acb259e1/resourceGroups/04-T1-www2/providers/Microsoft.Network/virtualNetworks/www2-vnet1/subnets/www2-vmss",
            "ip_address_pool": [],
            "name": "www2-vmss",
            "private_endpoint_network_policies": "Disabled",
            "private_link_service_network_policies_enabled": true,
            "resource_group_name": "04-T1-www2",
            "service_endpoint_policy_ids": [],
            "service_endpoints": [],
            "sharing_scope": "",
            "timeouts": null,
            "virtual_network_name": "www2-vnet1"
          },
          "sensitive_attributes": [],
          "identity_schema_version": 0,
          "identity": {
            "name": "www2-vmss",
            "resource_group_name": "04-T1-www2",
            "subscription_id": "99b79efe-ebd6-468c-b39f-5669acb259e1",
            "virtual_network_name": "www2-vnet1"
          },
          "private": "eyJlMmJmYjczMC1lY2FhLTExZTYtOGY4OC0zNDM2M2JjN2M0YzAiOnsiY3JlYXRlIjoxODAwMDAwMDAwMDAwLCJkZWxldGUiOjE4MDAwMDAwMDAwMDAsInJlYWQiOjMwMDAwMDAwMDAwMCwidXBkYXRlIjoxODAwMDAwMDAwMDAwfX0=",
          "dependencies": [
            "azurerm_virtual_network.www_vnet1"
          ]
        }
      ]
    },
    {
      "mode": "managed",
      "type": "azurerm_subnet",
      "name": "www_web1",
      "provider": "provider[\"registry.terraform.io/hashicorp/azurerm\"]",
      "instances": [
        {
          "schema_version": 0,
          "attributes": {
            "address_prefixes": [
              "10.0.2.0/24"
            ],
            "default_outbound_access_enabled": false,
            "delegation": [],
            "id": "/subscriptions/99b79efe-ebd6-468c-b39f-5669acb259e1/resourceGroups/04-T1-www2/providers/Microsoft.Network/virtualNetworks/www2-vnet0/subnets/www2-web1",
            "ip_address_pool": [],
            "name": "www2-web1",
            "private_endpoint_network_policies": "Disabled",
            "private_link_service_network_policies_enabled": true,
            "resource_group_name": "04-T1-www2",
            "service_endpoint_policy_ids": [],
            "service_endpoints": [],
            "sharing_scope": "",
            "timeouts": null,
            "virtual_network_name": "www2-vnet0"
          },
          "sensitive_attributes": [],
          "identity_schema_version": 0,
          "identity": {
            "name": "www2-web1",
            "resource_group_name": "04-T1-www2",
            "subscription_id": "99b79efe-ebd6-468c-b39f-5669acb259e1",
            "virtual_network_name": "www2-vnet0"
          },
          "private": "eyJlMmJmYjczMC1lY2FhLTExZTYtOGY4OC0zNDM2M2JjN2M0YzAiOnsiY3JlYXRlIjoxODAwMDAwMDAwMDAwLCJkZWxldGUiOjE4MDAwMDAwMDAwMDAsInJlYWQiOjMwMDAwMDAwMDAwMCwidXBkYXRlIjoxODAwMDAwMDAwMDAwfX0=",
          "dependencies": [
            "azurerm_virtual_network.www_vnet0"
          ]
        }
      ]
    },
    {
      "mode": "managed",
      "type": "azurerm_subnet",
      "name": "www_web1_v1",
      "provider": "provider[\"registry.terraform.io/hashicorp/azurerm\"]",
      "instances": [
        {
          "schema_version": 0,
          "attributes": {
            "address_prefixes": [
              "192.168.2.0/24"
            ],
            "default_outbound_access_enabled": false,
            "delegation": [],
            "id": "/subscriptions/99b79efe-ebd6-468c-b39f-5669acb259e1/resourceGroups/04-T1-www2/providers/Microsoft.Network/virtualNetworks/www2-vnet1/subnets/www2-web1-v1",
            "ip_address_pool": [],
            "name": "www2-web1-v1",
            "private_endpoint_network_policies": "Disabled",
            "private_link_service_network_policies_enabled": true,
            "resource_group_name": "04-T1-www2",
            "service_endpoint_policy_ids": [],
            "service_endpoints": [],
            "sharing_scope": "",
            "timeouts": null,
            "virtual_network_name": "www2-vnet1"
          },
          "sensitive_attributes": [],
          "identity_schema_version": 0,
          "identity": {
            "name": "www2-web1-v1",
            "resource_group_name": "04-T1-www2",
            "subscription_id": "99b79efe-ebd6-468c-b39f-5669acb259e1",
            "virtual_network_name": "www2-vnet1"
          },
          "private": "eyJlMmJmYjczMC1lY2FhLTExZTYtOGY4OC0zNDM2M2JjN2M0YzAiOnsiY3JlYXRlIjoxODAwMDAwMDAwMDAwLCJkZWxldGUiOjE4MDAwMDAwMDAwMDAsInJlYWQiOjMwMDAwMDAwMDAwMCwidXBkYXRlIjoxODAwMDAwMDAwMDAwfX0=",
          "dependencies": [
            "azurerm_virtual_network.www_vnet1"
          ]
        }
      ]
    },
    {
      "mode": "managed",
      "type": "azurerm_subnet",
      "name": "www_web2",
      "provider": "provider[\"registry.terraform.io/hashicorp/azurerm\"]",
      "instances": [
        {
          "schema_version": 0,
          "attributes": {
            "address_prefixes": [
              "10.0.3.0/24"
            ],
            "default_outbound_access_enabled": false,
            "delegation": [],
            "id": "/subscriptions/99b79efe-ebd6-468c-b39f-5669acb259e1/resourceGroups/04-T1-www2/providers/Microsoft.Network/virtualNetworks/www2-vnet0/subnets/www2-web2",
            "ip_address_pool": [],
            "name": "www2-web2",
            "private_endpoint_network_policies": "Disabled",
            "private_link_service_network_policies_enabled": true,
            "resource_group_name": "04-T1-www2",
            "service_endpoint_policy_ids": [],
            "service_endpoints": [],
            "sharing_scope": "",
            "timeouts": null,
            "virtual_network_name": "www2-vnet0"
          },
          "sensitive_attributes": [],
          "identity_schema_version": 0,
          "identity": {
            "name": "www2-web2",
            "resource_group_name": "04-T1-www2",
            "subscription_id": "99b79efe-ebd6-468c-b39f-5669acb259e1",
            "virtual_network_name": "www2-vnet0"
          },
          "private": "eyJlMmJmYjczMC1lY2FhLTExZTYtOGY4OC0zNDM2M2JjN2M0YzAiOnsiY3JlYXRlIjoxODAwMDAwMDAwMDAwLCJkZWxldGUiOjE4MDAwMDAwMDAwMDAsInJlYWQiOjMwMDAwMDAwMDAwMCwidXBkYXRlIjoxODAwMDAwMDAwMDAwfX0=",
          "dependencies": [
            "azurerm_virtual_network.www_vnet0"
          ]
        }
      ]
    },
    {
      "mode": "managed",
      "type": "azurerm_subnet",
      "name": "www_web2_v1",
      "provider": "provider[\"registry.terraform.io/hashicorp/azurerm\"]",
      "instances": [
        {
          "schema_version": 0,
          "attributes": {
            "address_prefixes": [
              "192.168.3.0/24"
            ],
            "default_outbound_access_enabled": false,
            "delegation": [],
            "id": "/subscriptions/99b79efe-ebd6-468c-b39f-5669acb259e1/resourceGroups/04-T1-www2/providers/Microsoft.Network/virtualNetworks/www2-vnet1/subnets/www2-web2-v1",
            "ip_address_pool": [],
            "name": "www2-web2-v1",
            "private_endpoint_network_policies": "Disabled",
            "private_link_service_network_policies_enabled": true,
            "resource_group_name": "04-T1-www2",
            "service_endpoint_policy_ids": [],
            "service_endpoints": [],
            "sharing_scope": "",
            "timeouts": null,
            "virtual_network_name": "www2-vnet1"
          },
          "sensitive_attributes": [],
          "identity_schema_version": 0,
          "identity": {
            "name": "www2-web2-v1",
            "resource_group_name": "04-T1-www2",
            "subscription_id": "99b79efe-ebd6-468c-b39f-5669acb259e1",
            "virtual_network_name": "www2-vnet1"
          },
          "private": "eyJlMmJmYjczMC1lY2FhLTExZTYtOGY4OC0zNDM2M2JjN2M0YzAiOnsiY3JlYXRlIjoxODAwMDAwMDAwMDAwLCJkZWxldGUiOjE4MDAwMDAwMDAwMDAsInJlYWQiOjMwMDAwMDAwMDAwMCwidXBkYXRlIjoxODAwMDAwMDAwMDAwfX0=",
          "dependencies": [
            "azurerm_virtual_network.www_vnet1"
          ]
        }
      ]
    },
    {
      "mode": "managed",
      "type": "azurerm_subnet_nat_gateway_association",
      "name": "www_natdb",
      "provider": "provider[\"registry.terraform.io/hashicorp/azurerm\"]",
      "instances": [
        {
          "schema_version": 0,
          "attributes": {
            "id": "/subscriptions/99b79efe-ebd6-468c-b39f-5669acb259e1/resourceGroups/04-T1-www2/providers/Microsoft.Network/virtualNetworks/www2-vnet0/subnets/www2-db",
            "nat_gateway_id": "/subscriptions/99b79efe-ebd6-468c-b39f-5669acb259e1/resourceGroups/04-T1-www2/providers/Microsoft.Network/natGateways/www2-nat",
            "subnet_id": "/subscriptions/99b79efe-ebd6-468c-b39f-5669acb259e1/resourceGroups/04-T1-www2/providers/Microsoft.Network/virtualNetworks/www2-vnet0/subnets/www2-db",
            "timeouts": null
          },
          "sensitive_attributes": [],
          "identity_schema_version": 0,
          "private": "eyJlMmJmYjczMC1lY2FhLTExZTYtOGY4OC0zNDM2M2JjN2M0YzAiOnsiY3JlYXRlIjoxODAwMDAwMDAwMDAwLCJkZWxldGUiOjE4MDAwMDAwMDAwMDAsInJlYWQiOjMwMDAwMDAwMDAwMH19",
          "dependencies": [
            "azurerm_nat_gateway.www_nat",
            "azurerm_resource_group.www_rg",
            "azurerm_subnet.www_db",
            "azurerm_virtual_network.www_vnet0"
          ]
        }
      ]
    },
    {
      "mode": "managed",
      "type": "azurerm_subnet_nat_gateway_association",
      "name": "www_natvmss",
      "provider": "provider[\"registry.terraform.io/hashicorp/azurerm\"]",
      "instances": [
        {
          "schema_version": 0,
          "attributes": {
            "id": "/subscriptions/99b79efe-ebd6-468c-b39f-5669acb259e1/resourceGroups/04-T1-www2/providers/Microsoft.Network/virtualNetworks/www2-vnet1/subnets/www2-vmss",
            "nat_gateway_id": "/subscriptions/99b79efe-ebd6-468c-b39f-5669acb259e1/resourceGroups/04-T1-www2/providers/Microsoft.Network/natGateways/www2-nat-v1",
            "subnet_id": "/subscriptions/99b79efe-ebd6-468c-b39f-5669acb259e1/resourceGroups/04-T1-www2/providers/Microsoft.Network/virtualNetworks/www2-vnet1/subnets/www2-vmss",
            "timeouts": null
          },
          "sensitive_attributes": [],
          "identity_schema_version": 0,
          "private": "eyJlMmJmYjczMC1lY2FhLTExZTYtOGY4OC0zNDM2M2JjN2M0YzAiOnsiY3JlYXRlIjoxODAwMDAwMDAwMDAwLCJkZWxldGUiOjE4MDAwMDAwMDAwMDAsInJlYWQiOjMwMDAwMDAwMDAwMH19",
          "dependencies": [
            "azurerm_nat_gateway.www_nat_v1",
            "azurerm_resource_group.www_rg",
            "azurerm_subnet.www_vmss",
            "azurerm_virtual_network.www_vnet1"
          ]
        }
      ]
    },
    {
      "mode": "managed",
      "type": "azurerm_subnet_nat_gateway_association",
      "name": "www_natweb1",
      "provider": "provider[\"registry.terraform.io/hashicorp/azurerm\"]",
      "instances": [
        {
          "schema_version": 0,
          "attributes": {
            "id": "/subscriptions/99b79efe-ebd6-468c-b39f-5669acb259e1/resourceGroups/04-T1-www2/providers/Microsoft.Network/virtualNetworks/www2-vnet0/subnets/www2-web1",
            "nat_gateway_id": "/subscriptions/99b79efe-ebd6-468c-b39f-5669acb259e1/resourceGroups/04-T1-www2/providers/Microsoft.Network/natGateways/www2-nat",
            "subnet_id": "/subscriptions/99b79efe-ebd6-468c-b39f-5669acb259e1/resourceGroups/04-T1-www2/providers/Microsoft.Network/virtualNetworks/www2-vnet0/subnets/www2-web1",
            "timeouts": null
          },
          "sensitive_attributes": [],
          "identity_schema_version": 0,
          "private": "eyJlMmJmYjczMC1lY2FhLTExZTYtOGY4OC0zNDM2M2JjN2M0YzAiOnsiY3JlYXRlIjoxODAwMDAwMDAwMDAwLCJkZWxldGUiOjE4MDAwMDAwMDAwMDAsInJlYWQiOjMwMDAwMDAwMDAwMH19",
          "dependencies": [
            "azurerm_nat_gateway.www_nat",
            "azurerm_resource_group.www_rg",
            "azurerm_subnet.www_web1",
            "azurerm_virtual_network.www_vnet0"
          ]
        }
      ]
    },
    {
      "mode": "managed",
      "type": "azurerm_subnet_nat_gateway_association",
      "name": "www_natweb1_v1",
      "provider": "provider[\"registry.terraform.io/hashicorp/azurerm\"]",
      "instances": [
        {
          "schema_version": 0,
          "attributes": {
            "id": "/subscriptions/99b79efe-ebd6-468c-b39f-5669acb259e1/resourceGroups/04-T1-www2/providers/Microsoft.Network/virtualNetworks/www2-vnet1/subnets/www2-web1-v1",
            "nat_gateway_id": "/subscriptions/99b79efe-ebd6-468c-b39f-5669acb259e1/resourceGroups/04-T1-www2/providers/Microsoft.Network/natGateways/www2-nat-v1",
            "subnet_id": "/subscriptions/99b79efe-ebd6-468c-b39f-5669acb259e1/resourceGroups/04-T1-www2/providers/Microsoft.Network/virtualNetworks/www2-vnet1/subnets/www2-web1-v1",
            "timeouts": null
          },
          "sensitive_attributes": [],
          "identity_schema_version": 0,
          "private": "eyJlMmJmYjczMC1lY2FhLTExZTYtOGY4OC0zNDM2M2JjN2M0YzAiOnsiY3JlYXRlIjoxODAwMDAwMDAwMDAwLCJkZWxldGUiOjE4MDAwMDAwMDAwMDAsInJlYWQiOjMwMDAwMDAwMDAwMH19",
          "dependencies": [
            "azurerm_nat_gateway.www_nat_v1",
            "azurerm_resource_group.www_rg",
            "azurerm_subnet.www_web1_v1",
            "azurerm_virtual_network.www_vnet1"
          ]
        }
      ]
    },
    {
      "mode": "managed",
      "type": "azurerm_subnet_nat_gateway_association",
      "name": "www_natweb2",
      "provider": "provider[\"registry.terraform.io/hashicorp/azurerm\"]",
      "instances": [
        {
          "schema_version": 0,
          "attributes": {
            "id": "/subscriptions/99b79efe-ebd6-468c-b39f-5669acb259e1/resourceGroups/04-T1-www2/providers/Microsoft.Network/virtualNetworks/www2-vnet0/subnets/www2-web2",
            "nat_gateway_id": "/subscriptions/99b79efe-ebd6-468c-b39f-5669acb259e1/resourceGroups/04-T1-www2/providers/Microsoft.Network/natGateways/www2-nat",
            "subnet_id": "/subscriptions/99b79efe-ebd6-468c-b39f-5669acb259e1/resourceGroups/04-T1-www2/providers/Microsoft.Network/virtualNetworks/www2-vnet0/subnets/www2-web2",
            "timeouts": null
          },
          "sensitive_attributes": [],
          "identity_schema_version": 0,
          "private": "eyJlMmJmYjczMC1lY2FhLTExZTYtOGY4OC0zNDM2M2JjN2M0YzAiOnsiY3JlYXRlIjoxODAwMDAwMDAwMDAwLCJkZWxldGUiOjE4MDAwMDAwMDAwMDAsInJlYWQiOjMwMDAwMDAwMDAwMH19",
          "dependencies": [
            "azurerm_nat_gateway.www_nat",
            "azurerm_resource_group.www_rg",
            "azurerm_subnet.www_web2",
            "azurerm_virtual_network.www_vnet0"
          ]
        }
      ]
    },
    {
      "mode": "managed",
      "type": "azurerm_subnet_nat_gateway_association",
      "name": "www_natweb2_v1",
      "provider": "provider[\"registry.terraform.io/hashicorp/azurerm\"]",
      "instances": [
        {
          "schema_version": 0,
          "attributes": {
            "id": "/subscriptions/99b79efe-ebd6-468c-b39f-5669acb259e1/resourceGroups/04-T1-www2/providers/Microsoft.Network/virtualNetworks/www2-vnet1/subnets/www2-web2-v1",
            "nat_gateway_id": "/subscriptions/99b79efe-ebd6-468c-b39f-5669acb259e1/resourceGroups/04-T1-www2/providers/Microsoft.Network/natGateways/www2-nat-v1",
            "subnet_id": "/subscriptions/99b79efe-ebd6-468c-b39f-5669acb259e1/resourceGroups/04-T1-www2/providers/Microsoft.Network/virtualNetworks/www2-vnet1/subnets/www2-web2-v1",
            "timeouts": null
          },
          "sensitive_attributes": [],
          "identity_schema_version": 0,
          "private": "eyJlMmJmYjczMC1lY2FhLTExZTYtOGY4OC0zNDM2M2JjN2M0YzAiOnsiY3JlYXRlIjoxODAwMDAwMDAwMDAwLCJkZWxldGUiOjE4MDAwMDAwMDAwMDAsInJlYWQiOjMwMDAwMDAwMDAwMH19",
          "dependencies": [
            "azurerm_nat_gateway.www_nat_v1",
            "azurerm_resource_group.www_rg",
            "azurerm_subnet.www_web2_v1",
            "azurerm_virtual_network.www_vnet1"
          ]
        }
      ]
    },
    {
      "mode": "managed",
      "type": "azurerm_subnet_network_security_group_association",
      "name": "www_asso_subnsg_bas",
      "provider": "provider[\"registry.terraform.io/hashicorp/azurerm\"]",
      "instances": [
        {
          "schema_version": 0,
          "attributes": {
            "id": "/subscriptions/99b79efe-ebd6-468c-b39f-5669acb259e1/resourceGroups/04-T1-www2/providers/Microsoft.Network/virtualNetworks/www2-vnet0/subnets/www2-bas",
            "network_security_group_id": "/subscriptions/99b79efe-ebd6-468c-b39f-5669acb259e1/resourceGroups/04-T1-www2/providers/Microsoft.Network/networkSecurityGroups/www_nsg_ssh",
            "subnet_id": "/subscriptions/99b79efe-ebd6-468c-b39f-5669acb259e1/resourceGroups/04-T1-www2/providers/Microsoft.Network/virtualNetworks/www2-vnet0/subnets/www2-bas",
            "timeouts": null
          },
          "sensitive_attributes": [],
          "identity_schema_version": 0,
          "private": "eyJlMmJmYjczMC1lY2FhLTExZTYtOGY4OC0zNDM2M2JjN2M0YzAiOnsiY3JlYXRlIjoxODAwMDAwMDAwMDAwLCJkZWxldGUiOjE4MDAwMDAwMDAwMDAsInJlYWQiOjMwMDAwMDAwMDAwMH19",
          "dependencies": [
            "azurerm_network_security_group.www_nsg_ssh",
            "azurerm_subnet.www_bas",
            "azurerm_virtual_network.www_vnet0"
          ]
        }
      ]
    },
    {
      "mode": "managed",
      "type": "azurerm_subnet_network_security_group_association",
      "name": "www_asso_subnsg_db",
      "provider": "provider[\"registry.terraform.io/hashicorp/azurerm\"]",
      "instances": [
        {
          "schema_version": 0,
          "attributes": {
            "id": "/subscriptions/99b79efe-ebd6-468c-b39f-5669acb259e1/resourceGroups/04-T1-www2/providers/Microsoft.Network/virtualNetworks/www2-vnet0/subnets/www2-db",
            "network_security_group_id": "/subscriptions/99b79efe-ebd6-468c-b39f-5669acb259e1/resourceGroups/04-T1-www2/providers/Microsoft.Network/networkSecurityGroups/www_nsg_db",
            "subnet_id": "/subscriptions/99b79efe-ebd6-468c-b39f-5669acb259e1/resourceGroups/04-T1-www2/providers/Microsoft.Network/virtualNetworks/www2-vnet0/subnets/www2-db",
            "timeouts": null
          },
          "sensitive_attributes": [],
          "identity_schema_version": 0,
          "private": "eyJlMmJmYjczMC1lY2FhLTExZTYtOGY4OC0zNDM2M2JjN2M0YzAiOnsiY3JlYXRlIjoxODAwMDAwMDAwMDAwLCJkZWxldGUiOjE4MDAwMDAwMDAwMDAsInJlYWQiOjMwMDAwMDAwMDAwMH19",
          "dependencies": [
            "azurerm_network_security_group.www_nsg_db",
            "azurerm_subnet.www_db",
            "azurerm_virtual_network.www_vnet0"
          ]
        }
      ]
    },
    {
      "mode": "managed",
      "type": "azurerm_subnet_network_security_group_association",
      "name": "www_asso_subnsg_web1",
      "provider": "provider[\"registry.terraform.io/hashicorp/azurerm\"]",
      "instances": [
        {
          "schema_version": 0,
          "attributes": {
            "id": "/subscriptions/99b79efe-ebd6-468c-b39f-5669acb259e1/resourceGroups/04-T1-www2/providers/Microsoft.Network/virtualNetworks/www2-vnet0/subnets/www2-web1",
            "network_security_group_id": "/subscriptions/99b79efe-ebd6-468c-b39f-5669acb259e1/resourceGroups/04-T1-www2/providers/Microsoft.Network/networkSecurityGroups/www_nsg_http",
            "subnet_id": "/subscriptions/99b79efe-ebd6-468c-b39f-5669acb259e1/resourceGroups/04-T1-www2/providers/Microsoft.Network/virtualNetworks/www2-vnet0/subnets/www2-web1",
            "timeouts": null
          },
          "sensitive_attributes": [],
          "identity_schema_version": 0,
          "private": "eyJlMmJmYjczMC1lY2FhLTExZTYtOGY4OC0zNDM2M2JjN2M0YzAiOnsiY3JlYXRlIjoxODAwMDAwMDAwMDAwLCJkZWxldGUiOjE4MDAwMDAwMDAwMDAsInJlYWQiOjMwMDAwMDAwMDAwMH19",
          "dependencies": [
            "azurerm_network_security_group.www_nsg_http",
            "azurerm_subnet.www_web1",
            "azurerm_virtual_network.www_vnet0"
          ]
        }
      ]
    },
    {
      "mode": "managed",
      "type": "azurerm_subnet_network_security_group_association",
      "name": "www_asso_subnsg_web2",
      "provider": "provider[\"registry.terraform.io/hashicorp/azurerm\"]",
      "instances": [
        {
          "schema_version": 0,
          "attributes": {
            "id": "/subscriptions/99b79efe-ebd6-468c-b39f-5669acb259e1/resourceGroups/04-T1-www2/providers/Microsoft.Network/virtualNetworks/www2-vnet0/subnets/www2-web2",
            "network_security_group_id": "/subscriptions/99b79efe-ebd6-468c-b39f-5669acb259e1/resourceGroups/04-T1-www2/providers/Microsoft.Network/networkSecurityGroups/www_nsg_http",
            "subnet_id": "/subscriptions/99b79efe-ebd6-468c-b39f-5669acb259e1/resourceGroups/04-T1-www2/providers/Microsoft.Network/virtualNetworks/www2-vnet0/subnets/www2-web2",
            "timeouts": null
          },
          "sensitive_attributes": [],
          "identity_schema_version": 0,
          "private": "eyJlMmJmYjczMC1lY2FhLTExZTYtOGY4OC0zNDM2M2JjN2M0YzAiOnsiY3JlYXRlIjoxODAwMDAwMDAwMDAwLCJkZWxldGUiOjE4MDAwMDAwMDAwMDAsInJlYWQiOjMwMDAwMDAwMDAwMH19",
          "dependencies": [
            "azurerm_network_security_group.www_nsg_http",
            "azurerm_subnet.www_web2",
            "azurerm_virtual_network.www_vnet0"
          ]
        }
      ]
    },
    {
      "mode": "managed",
      "type": "azurerm_subnet_network_security_group_association",
      "name": "www_v1_asso_subnsg_vmss",
      "provider": "provider[\"registry.terraform.io/hashicorp/azurerm\"]",
      "instances": [
        {
          "schema_version": 0,
          "attributes": {
            "id": "/subscriptions/99b79efe-ebd6-468c-b39f-5669acb259e1/resourceGroups/04-T1-www2/providers/Microsoft.Network/virtualNetworks/www2-vnet1/subnets/www2-vmss",
            "network_security_group_id": "/subscriptions/99b79efe-ebd6-468c-b39f-5669acb259e1/resourceGroups/04-T1-www2/providers/Microsoft.Network/networkSecurityGroups/www_v1_nsg_http",
            "subnet_id": "/subscriptions/99b79efe-ebd6-468c-b39f-5669acb259e1/resourceGroups/04-T1-www2/providers/Microsoft.Network/virtualNetworks/www2-vnet1/subnets/www2-vmss",
            "timeouts": null
          },
          "sensitive_attributes": [],
          "identity_schema_version": 0,
          "private": "eyJlMmJmYjczMC1lY2FhLTExZTYtOGY4OC0zNDM2M2JjN2M0YzAiOnsiY3JlYXRlIjoxODAwMDAwMDAwMDAwLCJkZWxldGUiOjE4MDAwMDAwMDAwMDAsInJlYWQiOjMwMDAwMDAwMDAwMH19",
          "dependencies": [
            "azurerm_network_security_group.www_v1_nsg_http",
            "azurerm_subnet.www_vmss",
            "azurerm_virtual_network.www_vnet1"
          ]
        }
      ]
    },
    {
      "mode": "managed",
      "type": "azurerm_subnet_network_security_group_association",
      "name": "www_v1_asso_subnsg_web1",
      "provider": "provider[\"registry.terraform.io/hashicorp/azurerm\"]",
      "instances": [
        {
          "schema_version": 0,
          "attributes": {
            "id": "/subscriptions/99b79efe-ebd6-468c-b39f-5669acb259e1/resourceGroups/04-T1-www2/providers/Microsoft.Network/virtualNetworks/www2-vnet1/subnets/www2-web1-v1",
            "network_security_group_id": "/subscriptions/99b79efe-ebd6-468c-b39f-5669acb259e1/resourceGroups/04-T1-www2/providers/Microsoft.Network/networkSecurityGroups/www_v1_nsg_http",
            "subnet_id": "/subscriptions/99b79efe-ebd6-468c-b39f-5669acb259e1/resourceGroups/04-T1-www2/providers/Microsoft.Network/virtualNetworks/www2-vnet1/subnets/www2-web1-v1",
            "timeouts": null
          },
          "sensitive_attributes": [],
          "identity_schema_version": 0,
          "private": "eyJlMmJmYjczMC1lY2FhLTExZTYtOGY4OC0zNDM2M2JjN2M0YzAiOnsiY3JlYXRlIjoxODAwMDAwMDAwMDAwLCJkZWxldGUiOjE4MDAwMDAwMDAwMDAsInJlYWQiOjMwMDAwMDAwMDAwMH19",
          "dependencies": [
            "azurerm_network_security_group.www_v1_nsg_http",
            "azurerm_subnet.www_web1_v1",
            "azurerm_virtual_network.www_vnet1"
          ]
        }
      ]
    },
    {
      "mode": "managed",
      "type": "azurerm_virtual_network",
      "name": "www_vnet0",
      "provider": "provider[\"registry.terraform.io/hashicorp/azurerm\"]",
      "instances": [
        {
          "schema_version": 0,
          "attributes": {
            "address_space": [
              "10.0.0.0/16"
            ],
            "bgp_community": "",
            "ddos_protection_plan": [],
            "dns_servers": [],
            "edge_zone": "",
            "encryption": [],
            "flow_timeout_in_minutes": 0,
            "guid": "ec46acd7-cbcf-4d66-9453-cd90088fa7da",
            "id": "/subscriptions/99b79efe-ebd6-468c-b39f-5669acb259e1/resourceGroups/04-T1-www2/providers/Microsoft.Network/virtualNetworks/www2-vnet0",
            "ip_address_pool": [],
            "location": "koreacentral",
            "name": "www2-vnet0",
            "private_endpoint_vnet_policies": "Disabled",
            "resource_group_name": "04-T1-www2",
            "subnet": [
              {
                "address_prefixes": [
                  "10.0.0.0/24"
                ],
                "default_outbound_access_enabled": true,
                "delegation": [],
                "id": "/subscriptions/99b79efe-ebd6-468c-b39f-5669acb259e1/resourceGroups/04-T1-www2/providers/Microsoft.Network/virtualNetworks/www2-vnet0/subnets/www2-bas",
                "name": "www2-bas",
                "private_endpoint_network_policies": "Disabled",
                "private_link_service_network_policies_enabled": true,
                "route_table_id": "",
                "security_group": "/subscriptions/99b79efe-ebd6-468c-b39f-5669acb259e1/resourceGroups/04-T1-www2/providers/Microsoft.Network/networkSecurityGroups/www_nsg_ssh",
                "service_endpoint_policy_ids": [],
                "service_endpoints": []
              },
              {
                "address_prefixes": [
                  "10.0.1.0/24"
                ],
                "default_outbound_access_enabled": true,
                "delegation": [],
                "id": "/subscriptions/99b79efe-ebd6-468c-b39f-5669acb259e1/resourceGroups/04-T1-www2/providers/Microsoft.Network/virtualNetworks/www2-vnet0/subnets/www2-nat",
                "name": "www2-nat",
                "private_endpoint_network_policies": "Disabled",
                "private_link_service_network_policies_enabled": true,
                "route_table_id": "",
                "security_group": "",
                "service_endpoint_policy_ids": [],
                "service_endpoints": []
              },
              {
                "address_prefixes": [
                  "10.0.2.0/24"
                ],
                "default_outbound_access_enabled": false,
                "delegation": [],
                "id": "/subscriptions/99b79efe-ebd6-468c-b39f-5669acb259e1/resourceGroups/04-T1-www2/providers/Microsoft.Network/virtualNetworks/www2-vnet0/subnets/www2-web1",
                "name": "www2-web1",
                "private_endpoint_network_policies": "Disabled",
                "private_link_service_network_policies_enabled": true,
                "route_table_id": "",
                "security_group": "/subscriptions/99b79efe-ebd6-468c-b39f-5669acb259e1/resourceGroups/04-T1-www2/providers/Microsoft.Network/networkSecurityGroups/www_nsg_http",
                "service_endpoint_policy_ids": [],
                "service_endpoints": []
              },
              {
                "address_prefixes": [
                  "10.0.3.0/24"
                ],
                "default_outbound_access_enabled": false,
                "delegation": [],
                "id": "/subscriptions/99b79efe-ebd6-468c-b39f-5669acb259e1/resourceGroups/04-T1-www2/providers/Microsoft.Network/virtualNetworks/www2-vnet0/subnets/www2-web2",
                "name": "www2-web2",
                "private_endpoint_network_policies": "Disabled",
                "private_link_service_network_policies_enabled": true,
                "route_table_id": "",
                "security_group": "/subscriptions/99b79efe-ebd6-468c-b39f-5669acb259e1/resourceGroups/04-T1-www2/providers/Microsoft.Network/networkSecurityGroups/www_nsg_http",
                "service_endpoint_policy_ids": [],
                "service_endpoints": []
              },
              {
                "address_prefixes": [
                  "10.0.4.0/24"
                ],
                "default_outbound_access_enabled": false,
                "delegation": [],
                "id": "/subscriptions/99b79efe-ebd6-468c-b39f-5669acb259e1/resourceGroups/04-T1-www2/providers/Microsoft.Network/virtualNetworks/www2-vnet0/subnets/www2-db",
                "name": "www2-db",
                "private_endpoint_network_policies": "Disabled",
                "private_link_service_network_policies_enabled": true,
                "route_table_id": "",
                "security_group": "/subscriptions/99b79efe-ebd6-468c-b39f-5669acb259e1/resourceGroups/04-T1-www2/providers/Microsoft.Network/networkSecurityGroups/www_nsg_db",
                "service_endpoint_policy_ids": [],
                "service_endpoints": []
              }
            ],
            "tags": {},
            "timeouts": null
          },
          "sensitive_attributes": [],
          "identity_schema_version": 0,
          "identity": {
            "name": "www2-vnet0",
            "resource_group_name": "04-T1-www2",
            "subscription_id": "99b79efe-ebd6-468c-b39f-5669acb259e1"
          },
          "private": "eyJlMmJmYjczMC1lY2FhLTExZTYtOGY4OC0zNDM2M2JjN2M0YzAiOnsiY3JlYXRlIjoxODAwMDAwMDAwMDAwLCJkZWxldGUiOjE4MDAwMDAwMDAwMDAsInJlYWQiOjMwMDAwMDAwMDAwMCwidXBkYXRlIjoxODAwMDAwMDAwMDAwfX0="
        }
      ]
    },
    {
      "mode": "managed",
      "type": "azurerm_virtual_network",
      "name": "www_vnet1",
      "provider": "provider[\"registry.terraform.io/hashicorp/azurerm\"]",
      "instances": [
        {
          "schema_version": 0,
          "attributes": {
            "address_space": [
              "192.168.0.0/16"
            ],
            "bgp_community": "",
            "ddos_protection_plan": [],
            "dns_servers": [],
            "edge_zone": "",
            "encryption": [],
            "flow_timeout_in_minutes": 0,
            "guid": "b4178781-376f-44de-aa34-05c881dc60b6",
            "id": "/subscriptions/99b79efe-ebd6-468c-b39f-5669acb259e1/resourceGroups/04-T1-www2/providers/Microsoft.Network/virtualNetworks/www2-vnet1",
            "ip_address_pool": [],
            "location": "koreasouth",
            "name": "www2-vnet1",
            "private_endpoint_vnet_policies": "Disabled",
            "resource_group_name": "04-T1-www2",
            "subnet": [
              {
                "address_prefixes": [
                  "192.168.0.0/24"
                ],
                "default_outbound_access_enabled": true,
                "delegation": [],
                "id": "/subscriptions/99b79efe-ebd6-468c-b39f-5669acb259e1/resourceGroups/04-T1-www2/providers/Microsoft.Network/virtualNetworks/www2-vnet1/subnets/www2-appgw",
                "name": "www2-appgw",
                "private_endpoint_network_policies": "Disabled",
                "private_link_service_network_policies_enabled": true,
                "route_table_id": "",
                "security_group": "",
                "service_endpoint_policy_ids": [],
                "service_endpoints": []
              },
              {
                "address_prefixes": [
                  "192.168.1.0/24"
                ],
                "default_outbound_access_enabled": true,
                "delegation": [],
                "id": "/subscriptions/99b79efe-ebd6-468c-b39f-5669acb259e1/resourceGroups/04-T1-www2/providers/Microsoft.Network/virtualNetworks/www2-vnet1/subnets/www2-nat-v1",
                "name": "www2-nat-v1",
                "private_endpoint_network_policies": "Disabled",
                "private_link_service_network_policies_enabled": true,
                "route_table_id": "",
                "security_group": "",
                "service_endpoint_policy_ids": [],
                "service_endpoints": []
              },
              {
                "address_prefixes": [
                  "192.168.2.0/24"
                ],
                "default_outbound_access_enabled": false,
                "delegation": [],
                "id": "/subscriptions/99b79efe-ebd6-468c-b39f-5669acb259e1/resourceGroups/04-T1-www2/providers/Microsoft.Network/virtualNetworks/www2-vnet1/subnets/www2-web1-v1",
                "name": "www2-web1-v1",
                "private_endpoint_network_policies": "Disabled",
                "private_link_service_network_policies_enabled": true,
                "route_table_id": "",
                "security_group": "/subscriptions/99b79efe-ebd6-468c-b39f-5669acb259e1/resourceGroups/04-T1-www2/providers/Microsoft.Network/networkSecurityGroups/www_v1_nsg_http",
                "service_endpoint_policy_ids": [],
                "service_endpoints": []
              },
              {
                "address_prefixes": [
                  "192.168.3.0/24"
                ],
                "default_outbound_access_enabled": false,
                "delegation": [],
                "id": "/subscriptions/99b79efe-ebd6-468c-b39f-5669acb259e1/resourceGroups/04-T1-www2/providers/Microsoft.Network/virtualNetworks/www2-vnet1/subnets/www2-web2-v1",
                "name": "www2-web2-v1",
                "private_endpoint_network_policies": "Disabled",
                "private_link_service_network_policies_enabled": true,
                "route_table_id": "",
                "security_group": "",
                "service_endpoint_policy_ids": [],
                "service_endpoints": []
              },
              {
                "address_prefixes": [
                  "192.168.4.0/24"
                ],
                "default_outbound_access_enabled": false,
                "delegation": [],
                "id": "/subscriptions/99b79efe-ebd6-468c-b39f-5669acb259e1/resourceGroups/04-T1-www2/providers/Microsoft.Network/virtualNetworks/www2-vnet1/subnets/www2-vmss",
                "name": "www2-vmss",
                "private_endpoint_network_policies": "Disabled",
                "private_link_service_network_policies_enabled": true,
                "route_table_id": "",
                "security_group": "/subscriptions/99b79efe-ebd6-468c-b39f-5669acb259e1/resourceGroups/04-T1-www2/providers/Microsoft.Network/networkSecurityGroups/www_v1_nsg_http",
                "service_endpoint_policy_ids": [],
                "service_endpoints": []
              }
            ],
            "tags": {},
            "timeouts": null
          },
          "sensitive_attributes": [],
          "identity_schema_version": 0,
          "identity": {
            "name": "www2-vnet1",
            "resource_group_name": "04-T1-www2",
            "subscription_id": "99b79efe-ebd6-468c-b39f-5669acb259e1"
          },
          "private": "eyJlMmJmYjczMC1lY2FhLTExZTYtOGY4OC0zNDM2M2JjN2M0YzAiOnsiY3JlYXRlIjoxODAwMDAwMDAwMDAwLCJkZWxldGUiOjE4MDAwMDAwMDAwMDAsInJlYWQiOjMwMDAwMDAwMDAwMCwidXBkYXRlIjoxODAwMDAwMDAwMDAwfX0="
        }
      ]
    },
    {
      "mode": "managed",
      "type": "azurerm_virtual_network_peering",
      "name": "peer_ctr_sth",
      "provider": "provider[\"registry.terraform.io/hashicorp/azurerm\"]",
      "instances": [
        {
          "schema_version": 0,
          "attributes": {
            "allow_forwarded_traffic": false,
            "allow_gateway_transit": false,
            "allow_virtual_network_access": true,
            "id": "/subscriptions/99b79efe-ebd6-468c-b39f-5669acb259e1/resourceGroups/04-T1-www2/providers/Microsoft.Network/virtualNetworks/www2-vnet0/virtualNetworkPeerings/ctr-sth",
            "local_subnet_names": [],
            "name": "ctr-sth",
            "only_ipv6_peering_enabled": false,
            "peer_complete_virtual_networks_enabled": true,
            "remote_subnet_names": [],
            "remote_virtual_network_id": "/subscriptions/99b79efe-ebd6-468c-b39f-5669acb259e1/resourceGroups/04-T1-www2/providers/Microsoft.Network/virtualNetworks/www2-vnet1",
            "resource_group_name": "04-T1-www2",
            "timeouts": null,
            "triggers": null,
            "use_remote_gateways": false,
            "virtual_network_name": "www2-vnet0"
          },
          "sensitive_attributes": [],
          "identity_schema_version": 0,
          "private": "eyJlMmJmYjczMC1lY2FhLTExZTYtOGY4OC0zNDM2M2JjN2M0YzAiOnsiY3JlYXRlIjoxODAwMDAwMDAwMDAwLCJkZWxldGUiOjE4MDAwMDAwMDAwMDAsInJlYWQiOjMwMDAwMDAwMDAwMCwidXBkYXRlIjoxODAwMDAwMDAwMDAwfX0=",
          "dependencies": [
            "azurerm_resource_group.www_rg",
            "azurerm_virtual_network.www_vnet0",
            "azurerm_virtual_network.www_vnet1"
          ]
        }
      ]
    },
    {
      "mode": "managed",
      "type": "azurerm_virtual_network_peering",
      "name": "peer_sth_ctr",
      "provider": "provider[\"registry.terraform.io/hashicorp/azurerm\"]",
      "instances": [
        {
          "schema_version": 0,
          "attributes": {
            "allow_forwarded_traffic": false,
            "allow_gateway_transit": false,
            "allow_virtual_network_access": true,
            "id": "/subscriptions/99b79efe-ebd6-468c-b39f-5669acb259e1/resourceGroups/04-T1-www2/providers/Microsoft.Network/virtualNetworks/www2-vnet1/virtualNetworkPeerings/sth-ctr",
            "local_subnet_names": [],
            "name": "sth-ctr",
            "only_ipv6_peering_enabled": false,
            "peer_complete_virtual_networks_enabled": true,
            "remote_subnet_names": [],
            "remote_virtual_network_id": "/subscriptions/99b79efe-ebd6-468c-b39f-5669acb259e1/resourceGroups/04-T1-www2/providers/Microsoft.Network/virtualNetworks/www2-vnet0",
            "resource_group_name": "04-T1-www2",
            "timeouts": null,
            "triggers": null,
            "use_remote_gateways": false,
            "virtual_network_name": "www2-vnet1"
          },
          "sensitive_attributes": [],
          "identity_schema_version": 0,
          "private": "eyJlMmJmYjczMC1lY2FhLTExZTYtOGY4OC0zNDM2M2JjN2M0YzAiOnsiY3JlYXRlIjoxODAwMDAwMDAwMDAwLCJkZWxldGUiOjE4MDAwMDAwMDAwMDAsInJlYWQiOjMwMDAwMDAwMDAwMCwidXBkYXRlIjoxODAwMDAwMDAwMDAwfX0=",
          "dependencies": [
            "azurerm_resource_group.www_rg",
            "azurerm_virtual_network.www_vnet0",
            "azurerm_virtual_network.www_vnet1"
          ]
        }
      ]
    },
    {
      "mode": "managed",
      "type": "null_resource",
      "name": "www_web2_deallocate",
      "provider": "provider[\"registry.terraform.io/hashicorp/null\"]",
      "instances": [
        {
          "schema_version": 0,
          "attributes": {
            "id": "6755117113344496429",
            "triggers": {
              "virtual_machine_id": "/subscriptions/99b79efe-ebd6-468c-b39f-5669acb259e1/resourceGroups/04-T1-www2/providers/Microsoft.Compute/virtualMachines/www2-web2vm"
            }
          },
          "sensitive_attributes": [],
          "identity_schema_version": 0,
          "dependencies": [
            "azurerm_linux_virtual_machine.www_web2vm",
            "azurerm_network_interface.www_web2_nic",
            "azurerm_resource_group.www_rg",
            "azurerm_subnet.www_web2",
            "azurerm_virtual_network.www_vnet0"
          ]
        }
      ]
    }
  ],
  "check_results": null
}
