{
  "version": 4,
  "terraform_version": "1.13.5",
  "serial": 1557,
  "lineage": "975e2d59-b08c-89cf-209b-61f00f74b213",
  "outputs": {
    "adf_name": {
      "value": "www-adf-xp2q",
      "type": "string"
    },
    "app_pub_ip": {
      "value": "20.200.136.226",
      "type": "string"
    },
    "bas_pub_ip": {
      "value": "4.230.138.159",
      "type": "string"
    },
    "mysql_server_fqdn": {
      "value": "www-mysql-server-w4y9.mysql.database.azure.com",
      "type": "string"
    },
    "nat_pub_ip": {
      "value": "20.249.93.160",
      "type": "string"
    },
    "nat_v1_pub_ip": {
      "value": "20.200.129.195",
      "type": "string"
    },
    "redis_hostname": {
      "value": "www-redis-135v.redis.cache.windows.net",
      "type": "string"
    },
    "storage_account_name": {
      "value": "wwwstorewww004",
      "type": "string"
    },
    "storage_primary_connection_string": {
      "value": "DefaultEndpointsProtocol=https;AccountName=wwwstorewww004;AccountKey=3C4Ky3Zj1GLFCUIneL2lKl4JnTxIfljxt2trHUJ5c2vjA6miKXVcD9HciX/gpDxijBPbWHcv42x3+AStwxS+nw==;EndpointSuffix=core.windows.net",
      "type": "string",
      "sensitive": true
    }
  },
  "resources": [
    {
      "mode": "data",
      "type": "azuread_user",
      "name": "compute_admin",
      "provider": "provider[\"registry.terraform.io/hashicorp/azuread\"]",
      "instances": [
        {
          "schema_version": 0,
          "attributes": {
            "account_enabled": true,
            "age_group": "",
            "business_phones": [],
            "city": "",
            "company_name": "",
            "consent_provided_for_minor": "",
            "cost_center": null,
            "country": "",
            "creation_type": "",
            "department": "",
            "display_name": "배하영",
            "division": null,
            "employee_hire_date": "",
            "employee_id": "",
            "employee_type": "",
            "external_user_state": "",
            "fax_number": "",
            "given_name": "",
            "id": "/users/5a54cace-68ce-40f1-b485-b32a226e50e5",
            "im_addresses": [],
            "job_title": "",
            "mail": "",
            "mail_nickname": "student11",
            "manager_id": "",
            "mobile_phone": "",
            "object_id": "5a54cace-68ce-40f1-b485-b32a226e50e5",
            "office_location": "",
            "onpremises_distinguished_name": "",
            "onpremises_domain_name": "",
            "onpremises_immutable_id": "",
            "onpremises_sam_account_name": "",
            "onpremises_security_identifier": "",
            "onpremises_sync_enabled": false,
            "onpremises_user_principal_name": "",
            "other_mails": [],
            "postal_code": "",
            "preferred_language": "",
            "proxy_addresses": [],
            "show_in_address_list": false,
            "state": "",
            "street_address": "",
            "surname": "",
            "timeouts": null,
            "usage_location": "",
            "user_principal_name": "student411@mscsschool.onmicrosoft.com",
            "user_type": "Member"
          },
          "sensitive_attributes": [],
          "identity_schema_version": 0
        }
      ]
    },
    {
      "mode": "data",
      "type": "azuread_user",
      "name": "db_admin",
      "provider": "provider[\"registry.terraform.io/hashicorp/azuread\"]",
      "instances": [
        {
          "schema_version": 0,
          "attributes": {
            "account_enabled": true,
            "age_group": "",
            "business_phones": [],
            "city": "",
            "company_name": "",
            "consent_provided_for_minor": "",
            "cost_center": null,
            "country": "",
            "creation_type": "",
            "department": "",
            "display_name": "이두경",
            "division": null,
            "employee_hire_date": "",
            "employee_id": "",
            "employee_type": "",
            "external_user_state": "",
            "fax_number": "",
            "given_name": "",
            "id": "/users/492131b6-671b-43f1-ac1e-db6a26222569",
            "im_addresses": [],
            "job_title": "",
            "mail": "",
            "mail_nickname": "student421",
            "manager_id": "",
            "mobile_phone": "",
            "object_id": "492131b6-671b-43f1-ac1e-db6a26222569",
            "office_location": "",
            "onpremises_distinguished_name": "",
            "onpremises_domain_name": "",
            "onpremises_immutable_id": "",
            "onpremises_sam_account_name": "",
            "onpremises_security_identifier": "",
            "onpremises_sync_enabled": false,
            "onpremises_user_principal_name": "",
            "other_mails": [],
            "postal_code": "",
            "preferred_language": "",
            "proxy_addresses": [],
            "show_in_address_list": false,
            "state": "",
            "street_address": "",
            "surname": "",
            "timeouts": null,
            "usage_location": "",
            "user_principal_name": "student421@mscsschool.onmicrosoft.com",
            "user_type": "Member"
          },
          "sensitive_attributes": [],
          "identity_schema_version": 0
        }
      ]
    },
    {
      "mode": "data",
      "type": "azuread_user",
      "name": "network_admin",
      "provider": "provider[\"registry.terraform.io/hashicorp/azuread\"]",
      "instances": [
        {
          "schema_version": 0,
          "attributes": {
            "account_enabled": true,
            "age_group": "",
            "business_phones": [],
            "city": "",
            "company_name": "",
            "consent_provided_for_minor": "",
            "cost_center": null,
            "country": "",
            "creation_type": "",
            "department": "",
            "display_name": "이하연",
            "division": null,
            "employee_hire_date": "",
            "employee_id": "",
            "employee_type": "",
            "external_user_state": "",
            "fax_number": "",
            "given_name": "",
            "id": "/users/459480bc-f44e-4582-8c98-71fa3d881811",
            "im_addresses": [],
            "job_title": "",
            "mail": "",
            "mail_nickname": "student424",
            "manager_id": "",
            "mobile_phone": "",
            "object_id": "459480bc-f44e-4582-8c98-71fa3d881811",
            "office_location": "",
            "onpremises_distinguished_name": "",
            "onpremises_domain_name": "",
            "onpremises_immutable_id": "",
            "onpremises_sam_account_name": "",
            "onpremises_security_identifier": "",
            "onpremises_sync_enabled": false,
            "onpremises_user_principal_name": "",
            "other_mails": [],
            "postal_code": "",
            "preferred_language": "",
            "proxy_addresses": [],
            "show_in_address_list": false,
            "state": "",
            "street_address": "",
            "surname": "",
            "timeouts": null,
            "usage_location": "",
            "user_principal_name": "student424@mscsschool.onmicrosoft.com",
            "user_type": "Member"
          },
          "sensitive_attributes": [],
          "identity_schema_version": 0
        }
      ]
    },
    {
      "mode": "data",
      "type": "azuread_user",
      "name": "pm_user",
      "provider": "provider[\"registry.terraform.io/hashicorp/azuread\"]",
      "instances": [
        {
          "schema_version": 0,
          "attributes": {
            "account_enabled": true,
            "age_group": "",
            "business_phones": [],
            "city": "",
            "company_name": "",
            "consent_provided_for_minor": "",
            "cost_center": null,
            "country": "",
            "creation_type": "",
            "department": "",
            "display_name": "이기훈",
            "division": null,
            "employee_hire_date": "",
            "employee_id": "",
            "employee_type": "",
            "external_user_state": "",
            "fax_number": "",
            "given_name": "",
            "id": "/users/cbca0876-4730-495c-8c47-18b9c9af868a",
            "im_addresses": [],
            "job_title": "",
            "mail": "",
            "mail_nickname": "student420",
            "manager_id": "",
            "mobile_phone": "",
            "object_id": "cbca0876-4730-495c-8c47-18b9c9af868a",
            "office_location": "",
            "onpremises_distinguished_name": "",
            "onpremises_domain_name": "",
            "onpremises_immutable_id": "",
            "onpremises_sam_account_name": "",
            "onpremises_security_identifier": "",
            "onpremises_sync_enabled": false,
            "onpremises_user_principal_name": "",
            "other_mails": [],
            "postal_code": "",
            "preferred_language": "",
            "proxy_addresses": [],
            "show_in_address_list": false,
            "state": "",
            "street_address": "",
            "surname": "",
            "timeouts": null,
            "usage_location": "",
            "user_principal_name": "student420@mscsschool.onmicrosoft.com",
            "user_type": "Member"
          },
          "sensitive_attributes": [],
          "identity_schema_version": 0
        }
      ]
    },
    {
      "mode": "data",
      "type": "azuread_user",
      "name": "security_admin",
      "provider": "provider[\"registry.terraform.io/hashicorp/azuread\"]",
      "instances": [
        {
          "schema_version": 0,
          "attributes": {
            "account_enabled": true,
            "age_group": "",
            "business_phones": [],
            "city": "",
            "company_name": "",
            "consent_provided_for_minor": "",
            "cost_center": null,
            "country": "",
            "creation_type": "",
            "department": "",
            "display_name": "정현지",
            "division": null,
            "employee_hire_date": "",
            "employee_id": "",
            "employee_type": "",
            "external_user_state": "",
            "fax_number": "",
            "given_name": "",
            "id": "/users/b9d57093-411e-4141-b5a5-faf01b0edd17",
            "im_addresses": [],
            "job_title": "",
            "mail": "",
            "mail_nickname": "student426",
            "manager_id": "",
            "mobile_phone": "",
            "object_id": "b9d57093-411e-4141-b5a5-faf01b0edd17",
            "office_location": "",
            "onpremises_distinguished_name": "",
            "onpremises_domain_name": "",
            "onpremises_immutable_id": "",
            "onpremises_sam_account_name": "",
            "onpremises_security_identifier": "",
            "onpremises_sync_enabled": false,
            "onpremises_user_principal_name": "",
            "other_mails": [],
            "postal_code": "",
            "preferred_language": "",
            "proxy_addresses": [],
            "show_in_address_list": false,
            "state": "",
            "street_address": "",
            "surname": "",
            "timeouts": null,
            "usage_location": "",
            "user_principal_name": "student426@mscsschool.onmicrosoft.com",
            "user_type": "Member"
          },
          "sensitive_attributes": [],
          "identity_schema_version": 0
        }
      ]
    },
    {
      "mode": "managed",
      "type": "azurerm_application_gateway",
      "name": "www_appgw",
      "provider": "provider[\"registry.terraform.io/hashicorp/azurerm\"]",
      "instances": [
        {
          "schema_version": 0,
          "attributes": {
            "authentication_certificate": [],
            "autoscale_configuration": [],
            "backend_address_pool": [
              {
                "fqdns": [],
                "id": "/subscriptions/99b79efe-ebd6-468c-b39f-5669acb259e1/resourceGroups/04-T1-www/providers/Microsoft.Network/applicationGateways/www-appgw/backendAddressPools/www-beap",
                "ip_addresses": [],
                "name": "www-beap"
              }
            ],
            "backend_http_settings": [
              {
                "affinity_cookie_name": "",
                "authentication_certificate": [],
                "connection_draining": [],
                "cookie_based_affinity": "Disabled",
                "dedicated_backend_connection_enabled": false,
                "host_name": "",
                "id": "/subscriptions/99b79efe-ebd6-468c-b39f-5669acb259e1/resourceGroups/04-T1-www/providers/Microsoft.Network/applicationGateways/www-appgw/backendHttpSettingsCollection/www-be-htst",
                "name": "www-be-htst",
                "path": "",
                "pick_host_name_from_backend_address": false,
                "port": 80,
                "probe_id": "",
                "probe_name": "",
                "protocol": "Http",
                "request_timeout": 60,
                "trusted_root_certificate_names": []
              }
            ],
            "custom_error_configuration": [],
            "enable_http2": false,
            "fips_enabled": false,
            "firewall_policy_id": "",
            "force_firewall_policy_association": false,
            "frontend_ip_configuration": [
              {
                "id": "/subscriptions/99b79efe-ebd6-468c-b39f-5669acb259e1/resourceGroups/04-T1-www/providers/Microsoft.Network/applicationGateways/www-appgw/frontendIPConfigurations/www-feip",
                "name": "www-feip",
                "private_ip_address": "",
                "private_ip_address_allocation": "Dynamic",
                "private_link_configuration_id": "",
                "private_link_configuration_name": "",
                "public_ip_address_id": "/subscriptions/99b79efe-ebd6-468c-b39f-5669acb259e1/resourceGroups/04-T1-www/providers/Microsoft.Network/publicIPAddresses/www-appip",
                "subnet_id": ""
              }
            ],
            "frontend_port": [
              {
                "id": "/subscriptions/99b79efe-ebd6-468c-b39f-5669acb259e1/resourceGroups/04-T1-www/providers/Microsoft.Network/applicationGateways/www-appgw/frontendPorts/www-feport",
                "name": "www-feport",
                "port": 80
              }
            ],
            "gateway_ip_configuration": [
              {
                "id": "/subscriptions/99b79efe-ebd6-468c-b39f-5669acb259e1/resourceGroups/04-T1-www/providers/Microsoft.Network/applicationGateways/www-appgw/gatewayIPConfigurations/www-ip-appgw",
                "name": "www-ip-appgw",
                "subnet_id": "/subscriptions/99b79efe-ebd6-468c-b39f-5669acb259e1/resourceGroups/04-T1-www/providers/Microsoft.Network/virtualNetworks/www-vnet1/subnets/www-appgw"
              }
            ],
            "global": [],
            "http_listener": [
              {
                "custom_error_configuration": [],
                "firewall_policy_id": "",
                "frontend_ip_configuration_id": "/subscriptions/99b79efe-ebd6-468c-b39f-5669acb259e1/resourceGroups/04-T1-www/providers/Microsoft.Network/applicationGateways/www-appgw/frontendIPConfigurations/www-feip",
                "frontend_ip_configuration_name": "www-feip",
                "frontend_port_id": "/subscriptions/99b79efe-ebd6-468c-b39f-5669acb259e1/resourceGroups/04-T1-www/providers/Microsoft.Network/applicationGateways/www-appgw/frontendPorts/www-feport",
                "frontend_port_name": "www-feport",
                "host_name": "",
                "host_names": [],
                "id": "/subscriptions/99b79efe-ebd6-468c-b39f-5669acb259e1/resourceGroups/04-T1-www/providers/Microsoft.Network/applicationGateways/www-appgw/httpListeners/www-httplstn",
                "name": "www-httplstn",
                "protocol": "Http",
                "require_sni": false,
                "ssl_certificate_id": "",
                "ssl_certificate_name": "",
                "ssl_profile_id": "",
                "ssl_profile_name": ""
              }
            ],
            "id": "/subscriptions/99b79efe-ebd6-468c-b39f-5669acb259e1/resourceGroups/04-T1-www/providers/Microsoft.Network/applicationGateways/www-appgw",
            "identity": [],
            "location": "koreasouth",
            "name": "www-appgw",
            "private_endpoint_connection": [],
            "private_link_configuration": [],
            "probe": [
              {
                "host": "",
                "id": "/subscriptions/99b79efe-ebd6-468c-b39f-5669acb259e1/resourceGroups/04-T1-www/providers/Microsoft.Network/applicationGateways/www-appgw/probes/www-health-probe",
                "interval": 30,
                "match": [
                  {
                    "body": "",
                    "status_code": [
                      "200-399"
                    ]
                  }
                ],
                "minimum_servers": 0,
                "name": "www-health-probe",
                "path": "/health.html",
                "pick_host_name_from_backend_http_settings": true,
                "port": 0,
                "protocol": "Http",
                "timeout": 60,
                "unhealthy_threshold": 3
              }
            ],
            "redirect_configuration": [],
            "request_routing_rule": [
              {
                "backend_address_pool_id": "/subscriptions/99b79efe-ebd6-468c-b39f-5669acb259e1/resourceGroups/04-T1-www/providers/Microsoft.Network/applicationGateways/www-appgw/backendAddressPools/www-beap",
                "backend_address_pool_name": "www-beap",
                "backend_http_settings_id": "/subscriptions/99b79efe-ebd6-468c-b39f-5669acb259e1/resourceGroups/04-T1-www/providers/Microsoft.Network/applicationGateways/www-appgw/backendHttpSettingsCollection/www-be-htst",
                "backend_http_settings_name": "www-be-htst",
                "http_listener_id": "/subscriptions/99b79efe-ebd6-468c-b39f-5669acb259e1/resourceGroups/04-T1-www/providers/Microsoft.Network/applicationGateways/www-appgw/httpListeners/www-httplstn",
                "http_listener_name": "www-httplstn",
                "id": "/subscriptions/99b79efe-ebd6-468c-b39f-5669acb259e1/resourceGroups/04-T1-www/providers/Microsoft.Network/applicationGateways/www-appgw/requestRoutingRules/www-rqrt",
                "name": "www-rqrt",
                "priority": 9,
                "redirect_configuration_id": "",
                "redirect_configuration_name": "",
                "rewrite_rule_set_id": "",
                "rewrite_rule_set_name": "",
                "rule_type": "Basic",
                "url_path_map_id": "",
                "url_path_map_name": ""
              }
            ],
            "resource_group_name": "04-T1-www",
            "rewrite_rule_set": [],
            "sku": [
              {
                "capacity": 2,
                "name": "Standard_v2",
                "tier": "Standard_v2"
              }
            ],
            "ssl_certificate": [],
            "ssl_policy": [
              {
                "cipher_suites": [],
                "disabled_protocols": [],
                "min_protocol_version": "",
                "policy_name": "AppGwSslPolicy20220101",
                "policy_type": "Predefined"
              }
            ],
            "ssl_profile": [],
            "tags": {},
            "timeouts": null,
            "trusted_client_certificate": [],
            "trusted_root_certificate": [],
            "url_path_map": [],
            "waf_configuration": [],
            "zones": []
          },
          "sensitive_attributes": [],
          "identity_schema_version": 0,
          "identity": {
            "name": "www-appgw",
            "resource_group_name": "04-T1-www",
            "subscription_id": "99b79efe-ebd6-468c-b39f-5669acb259e1"
          },
          "private": "eyJlMmJmYjczMC1lY2FhLTExZTYtOGY4OC0zNDM2M2JjN2M0YzAiOnsiY3JlYXRlIjo1NDAwMDAwMDAwMDAwLCJkZWxldGUiOjU0MDAwMDAwMDAwMDAsInJlYWQiOjMwMDAwMDAwMDAwMCwidXBkYXRlIjo1NDAwMDAwMDAwMDAwfX0=",
          "dependencies": [
            "azurerm_public_ip.www_appip",
            "azurerm_resource_group.www_rg",
            "azurerm_subnet.www_appgw",
            "azurerm_virtual_network.www_vnet1"
          ]
        }
      ]
    },
    {
      "mode": "managed",
      "type": "azurerm_data_factory",
      "name": "www_adf",
      "provider": "provider[\"registry.terraform.io/hashicorp/azurerm\"]",
      "instances": [
        {
          "schema_version": 2,
          "attributes": {
            "customer_managed_key_id": "",
            "customer_managed_key_identity_id": "",
            "github_configuration": [],
            "global_parameter": [],
            "id": "/subscriptions/99b79efe-ebd6-468c-b39f-5669acb259e1/resourceGroups/04-T1-www/providers/Microsoft.DataFactory/factories/www-adf-xp2q",
            "identity": [
              {
                "identity_ids": null,
                "principal_id": "5e9f17ea-14db-4bd1-b694-6db4ed1ad3cf",
                "tenant_id": "548e9ef4-b1d5-48fa-b220-59f52d6db511",
                "type": "SystemAssigned"
              }
            ],
            "location": "koreacentral",
            "managed_virtual_network_enabled": false,
            "name": "www-adf-xp2q",
            "public_network_enabled": true,
            "purview_id": "",
            "resource_group_name": "04-T1-www",
            "tags": {
              "purpose": "MySQL Backup Pipeline"
            },
            "timeouts": null,
            "vsts_configuration": []
          },
          "sensitive_attributes": [],
          "identity_schema_version": 0,
          "private": "eyJlMmJmYjczMC1lY2FhLTExZTYtOGY4OC0zNDM2M2JjN2M0YzAiOnsiY3JlYXRlIjoxODAwMDAwMDAwMDAwLCJkZWxldGUiOjE4MDAwMDAwMDAwMDAsInJlYWQiOjMwMDAwMDAwMDAwMCwidXBkYXRlIjoxODAwMDAwMDAwMDAwfSwic2NoZW1hX3ZlcnNpb24iOiIyIn0=",
          "dependencies": [
            "azurerm_resource_group.www_rg",
            "random_string.adf_suffix"
          ]
        }
      ]
    },
    {
      "mode": "managed",
      "type": "azurerm_data_factory_dataset_delimited_text",
      "name": "blob_dataset",
      "provider": "provider[\"registry.terraform.io/hashicorp/azurerm\"]",
      "instances": [
        {
          "schema_version": 0,
          "attributes": {
            "additional_properties": null,
            "annotations": null,
            "azure_blob_fs_location": [],
            "azure_blob_storage_location": [
              {
                "container": "mysql-backups",
                "dynamic_container_enabled": false,
                "dynamic_filename_enabled": false,
                "dynamic_path_enabled": false,
                "filename": "backup.csv",
                "path": ""
              }
            ],
            "column_delimiter": ",",
            "compression_codec": null,
            "compression_level": null,
            "data_factory_id": "/subscriptions/99b79efe-ebd6-468c-b39f-5669acb259e1/resourceGroups/04-T1-www/providers/Microsoft.DataFactory/factories/www-adf-xp2q",
            "description": "",
            "encoding": "UTF-8",
            "escape_character": "\\",
            "first_row_as_header": true,
            "folder": null,
            "http_server_location": [],
            "id": "/subscriptions/99b79efe-ebd6-468c-b39f-5669acb259e1/resourceGroups/04-T1-www/providers/Microsoft.DataFactory/factories/www-adf-xp2q/datasets/BlobBackupDataset",
            "linked_service_name": "BlobStorageDestination",
            "name": "BlobBackupDataset",
            "null_value": "",
            "parameters": null,
            "quote_character": "\"",
            "row_delimiter": "\n",
            "schema_column": [],
            "timeouts": null
          },
          "sensitive_attributes": [],
          "identity_schema_version": 0,
          "private": "eyJlMmJmYjczMC1lY2FhLTExZTYtOGY4OC0zNDM2M2JjN2M0YzAiOnsiY3JlYXRlIjoxODAwMDAwMDAwMDAwLCJkZWxldGUiOjE4MDAwMDAwMDAwMDAsInJlYWQiOjMwMDAwMDAwMDAwMCwidXBkYXRlIjoxODAwMDAwMDAwMDAwfX0=",
          "dependencies": [
            "azurerm_data_factory.www_adf",
            "azurerm_data_factory_linked_service_azure_blob_storage.blob_dest",
            "azurerm_resource_group.www_rg",
            "azurerm_storage_account.www_sa",
            "azurerm_subnet.www_db",
            "azurerm_virtual_network.www_vnet0",
            "random_string.adf_suffix"
          ]
        }
      ]
    },
    {
      "mode": "managed",
      "type": "azurerm_data_factory_linked_service_azure_blob_storage",
      "name": "blob_dest",
      "provider": "provider[\"registry.terraform.io/hashicorp/azurerm\"]",
      "instances": [
        {
          "schema_version": 0,
          "attributes": {
            "additional_properties": null,
            "annotations": null,
            "connection_string": "DefaultEndpointsProtocol=https;AccountName=wwwstorewww004;AccountKey=3C4Ky3Zj1GLFCUIneL2lKl4JnTxIfljxt2trHUJ5c2vjA6miKXVcD9HciX/gpDxijBPbWHcv42x3+AStwxS+nw==;EndpointSuffix=core.windows.net",
            "connection_string_insecure": null,
            "data_factory_id": "/subscriptions/99b79efe-ebd6-468c-b39f-5669acb259e1/resourceGroups/04-T1-www/providers/Microsoft.DataFactory/factories/www-adf-xp2q",
            "description": "",
            "id": "/subscriptions/99b79efe-ebd6-468c-b39f-5669acb259e1/resourceGroups/04-T1-www/providers/Microsoft.DataFactory/factories/www-adf-xp2q/linkedservices/BlobStorageDestination",
            "integration_runtime_name": null,
            "key_vault_sas_token": [],
            "name": "BlobStorageDestination",
            "parameters": null,
            "sas_uri": null,
            "service_endpoint": null,
            "service_principal_id": "",
            "service_principal_key": null,
            "service_principal_linked_key_vault_key": [],
            "storage_kind": "",
            "tenant_id": "",
            "timeouts": null,
            "use_managed_identity": false
          },
          "sensitive_attributes": [
            [
              {
                "type": "get_attr",
                "value": "connection_string"
              }
            ],
            [
              {
                "type": "get_attr",
                "value": "sas_uri"
              }
            ],
            [
              {
                "type": "get_attr",
                "value": "service_endpoint"
              }
            ]
          ],
          "identity_schema_version": 0,
          "private": "eyJlMmJmYjczMC1lY2FhLTExZTYtOGY4OC0zNDM2M2JjN2M0YzAiOnsiY3JlYXRlIjoxODAwMDAwMDAwMDAwLCJkZWxldGUiOjE4MDAwMDAwMDAwMDAsInJlYWQiOjMwMDAwMDAwMDAwMCwidXBkYXRlIjoxODAwMDAwMDAwMDAwfX0=",
          "dependencies": [
            "azurerm_data_factory.www_adf",
            "azurerm_resource_group.www_rg",
            "azurerm_storage_account.www_sa",
            "azurerm_subnet.www_db",
            "azurerm_virtual_network.www_vnet0",
            "random_string.adf_suffix"
          ]
        }
      ]
    },
    {
      "mode": "managed",
      "type": "azurerm_dns_a_record",
      "name": "root_public",
      "provider": "provider[\"registry.terraform.io/hashicorp/azurerm\"]",
      "instances": [
        {
          "schema_version": 1,
          "attributes": {
            "fqdn": "04www.cloud.",
            "id": "/subscriptions/99b79efe-ebd6-468c-b39f-5669acb259e1/resourceGroups/04-T1-www/providers/Microsoft.Network/dnsZones/04www.cloud/A/@",
            "name": "@",
            "records": [
              "20.200.136.226"
            ],
            "resource_group_name": "04-T1-www",
            "tags": {},
            "target_resource_id": "",
            "timeouts": null,
            "ttl": 300,
            "zone_name": "04www.cloud"
          },
          "sensitive_attributes": [],
          "identity_schema_version": 0,
          "private": "eyJlMmJmYjczMC1lY2FhLTExZTYtOGY4OC0zNDM2M2JjN2M0YzAiOnsiY3JlYXRlIjoxODAwMDAwMDAwMDAwLCJkZWxldGUiOjE4MDAwMDAwMDAwMDAsInJlYWQiOjMwMDAwMDAwMDAwMCwidXBkYXRlIjoxODAwMDAwMDAwMDAwfSwic2NoZW1hX3ZlcnNpb24iOiIxIn0=",
          "dependencies": [
            "azurerm_dns_zone.public",
            "azurerm_public_ip.www_appip",
            "azurerm_resource_group.www_rg"
          ]
        }
      ]
    },
    {
      "mode": "managed",
      "type": "azurerm_dns_a_record",
      "name": "www_baspip",
      "provider": "provider[\"registry.terraform.io/hashicorp/azurerm\"]",
      "instances": [
        {
          "schema_version": 1,
          "attributes": {
            "fqdn": "bas.04www.cloud.",
            "id": "/subscriptions/99b79efe-ebd6-468c-b39f-5669acb259e1/resourceGroups/04-T1-www/providers/Microsoft.Network/dnsZones/04www.cloud/A/bas",
            "name": "bas",
            "records": [
              "4.230.138.159"
            ],
            "resource_group_name": "04-T1-www",
            "tags": {},
            "target_resource_id": "",
            "timeouts": null,
            "ttl": 300,
            "zone_name": "04www.cloud"
          },
          "sensitive_attributes": [],
          "identity_schema_version": 0,
          "private": "eyJlMmJmYjczMC1lY2FhLTExZTYtOGY4OC0zNDM2M2JjN2M0YzAiOnsiY3JlYXRlIjoxODAwMDAwMDAwMDAwLCJkZWxldGUiOjE4MDAwMDAwMDAwMDAsInJlYWQiOjMwMDAwMDAwMDAwMCwidXBkYXRlIjoxODAwMDAwMDAwMDAwfSwic2NoZW1hX3ZlcnNpb24iOiIxIn0=",
          "dependencies": [
            "azurerm_dns_zone.public",
            "azurerm_public_ip.www_basip",
            "azurerm_resource_group.www_rg"
          ]
        }
      ]
    },
    {
      "mode": "managed",
      "type": "azurerm_dns_a_record",
      "name": "www_public",
      "provider": "provider[\"registry.terraform.io/hashicorp/azurerm\"]",
      "instances": [
        {
          "schema_version": 1,
          "attributes": {
            "fqdn": "www.04www.cloud.",
            "id": "/subscriptions/99b79efe-ebd6-468c-b39f-5669acb259e1/resourceGroups/04-T1-www/providers/Microsoft.Network/dnsZones/04www.cloud/A/www",
            "name": "www",
            "records": [
              "20.200.136.226"
            ],
            "resource_group_name": "04-T1-www",
            "tags": {},
            "target_resource_id": "",
            "timeouts": null,
            "ttl": 300,
            "zone_name": "04www.cloud"
          },
          "sensitive_attributes": [],
          "identity_schema_version": 0,
          "private": "eyJlMmJmYjczMC1lY2FhLTExZTYtOGY4OC0zNDM2M2JjN2M0YzAiOnsiY3JlYXRlIjoxODAwMDAwMDAwMDAwLCJkZWxldGUiOjE4MDAwMDAwMDAwMDAsInJlYWQiOjMwMDAwMDAwMDAwMCwidXBkYXRlIjoxODAwMDAwMDAwMDAwfSwic2NoZW1hX3ZlcnNpb24iOiIxIn0=",
          "dependencies": [
            "azurerm_dns_zone.public",
            "azurerm_public_ip.www_appip",
            "azurerm_resource_group.www_rg"
          ]
        }
      ]
    },
    {
      "mode": "managed",
      "type": "azurerm_dns_zone",
      "name": "public",
      "provider": "provider[\"registry.terraform.io/hashicorp/azurerm\"]",
      "instances": [
        {
          "schema_version": 2,
          "attributes": {
            "id": "/subscriptions/99b79efe-ebd6-468c-b39f-5669acb259e1/resourceGroups/04-T1-www/providers/Microsoft.Network/dnsZones/04www.cloud",
            "max_number_of_record_sets": 10000,
            "name": "04www.cloud",
            "name_servers": [
              "ns1-01.azure-dns.com.",
              "ns2-01.azure-dns.net.",
              "ns3-01.azure-dns.org.",
              "ns4-01.azure-dns.info."
            ],
            "number_of_record_sets": 5,
            "resource_group_name": "04-T1-www",
            "soa_record": [
              {
                "email": "azuredns-hostmaster.microsoft.com",
                "expire_time": 2419200,
                "fqdn": "04www.cloud.",
                "host_name": "ns1-01.azure-dns.com.",
                "minimum_ttl": 300,
                "refresh_time": 3600,
                "retry_time": 300,
                "serial_number": 1,
                "tags": {},
                "ttl": 3600
              }
            ],
            "tags": {},
            "timeouts": null
          },
          "sensitive_attributes": [],
          "identity_schema_version": 0,
          "private": "eyJlMmJmYjczMC1lY2FhLTExZTYtOGY4OC0zNDM2M2JjN2M0YzAiOnsiY3JlYXRlIjoxODAwMDAwMDAwMDAwLCJkZWxldGUiOjE4MDAwMDAwMDAwMDAsInJlYWQiOjMwMDAwMDAwMDAwMCwidXBkYXRlIjoxODAwMDAwMDAwMDAwfSwic2NoZW1hX3ZlcnNpb24iOiIyIn0=",
          "dependencies": [
            "azurerm_resource_group.www_rg"
          ]
        }
      ]
    },
    {
      "mode": "managed",
      "type": "azurerm_image",
      "name": "www_image",
      "provider": "provider[\"registry.terraform.io/hashicorp/azurerm\"]",
      "instances": [
        {
          "schema_version": 0,
          "attributes": {
            "data_disk": [],
            "hyper_v_generation": "V2",
            "id": "/subscriptions/99b79efe-ebd6-468c-b39f-5669acb259e1/resourceGroups/04-T1-www/providers/Microsoft.Compute/images/www-image",
            "location": "koreacentral",
            "name": "www-image",
            "os_disk": [
              {
                "blob_uri": "",
                "caching": "ReadWrite",
                "disk_encryption_set_id": "",
                "managed_disk_id": "/subscriptions/99b79efe-ebd6-468c-b39f-5669acb259e1/resourceGroups/04-T1-www/providers/Microsoft.Compute/disks/www-disk",
                "os_state": "Generalized",
                "os_type": "Linux",
                "size_gb": 10,
                "storage_type": "StandardSSD_LRS"
              }
            ],
            "resource_group_name": "04-T1-www",
            "source_virtual_machine_id": null,
            "tags": {},
            "timeouts": null,
            "zone_resilient": false
          },
          "sensitive_attributes": [],
          "identity_schema_version": 0,
          "private": "eyJlMmJmYjczMC1lY2FhLTExZTYtOGY4OC0zNDM2M2JjN2M0YzAiOnsiY3JlYXRlIjo1NDAwMDAwMDAwMDAwLCJkZWxldGUiOjU0MDAwMDAwMDAwMDAsInJlYWQiOjMwMDAwMDAwMDAwMCwidXBkYXRlIjo1NDAwMDAwMDAwMDAwfX0=",
          "dependencies": [
            "azurerm_linux_virtual_machine.www_web2vm",
            "azurerm_managed_disk.www_disk",
            "azurerm_nat_gateway.www_nat",
            "azurerm_network_interface.www_web2_nic",
            "azurerm_resource_group.www_rg",
            "azurerm_subnet.www_web2",
            "azurerm_virtual_network.www_vnet0",
            "null_resource.www_web2_deallocate"
          ]
        }
      ]
    },
    {
      "mode": "managed",
      "type": "azurerm_linux_virtual_machine",
      "name": "www_basvm",
      "provider": "provider[\"registry.terraform.io/hashicorp/azurerm\"]",
      "instances": [
        {
          "schema_version": 0,
          "attributes": {
            "additional_capabilities": [],
            "admin_password": null,
            "admin_ssh_key": [
              {
                "public_key": "ssh-ed25519 AAAAC3NzaC1lZDI1NTE5AAAAIPQMz6pXp11KhT0hWvtjhfnWCxvVEauRhw7dTgunou4M \r\n",
                "username": "www"
              }
            ],
            "admin_username": "www",
            "allow_extension_operations": true,
            "availability_set_id": "",
            "boot_diagnostics": [
              {
                "storage_account_uri": ""
              }
            ],
            "bypass_platform_safety_checks_on_user_schedule_enabled": false,
            "capacity_reservation_group_id": "",
            "computer_name": "www-basvm",
            "custom_data": null,
            "dedicated_host_group_id": "",
            "dedicated_host_id": "",
            "disable_password_authentication": true,
            "disk_controller_type": "SCSI",
            "edge_zone": "",
            "encryption_at_host_enabled": false,
            "eviction_policy": "",
            "extensions_time_budget": "PT1H30M",
            "gallery_application": [],
            "id": "/subscriptions/99b79efe-ebd6-468c-b39f-5669acb259e1/resourceGroups/04-T1-www/providers/Microsoft.Compute/virtualMachines/www-basvm",
            "identity": [
              {
                "identity_ids": [],
                "principal_id": "aba13bd5-df57-4a42-a749-15a7c3e5aba2",
                "tenant_id": "548e9ef4-b1d5-48fa-b220-59f52d6db511",
                "type": "SystemAssigned"
              }
            ],
            "license_type": "",
            "location": "koreacentral",
            "max_bid_price": -1,
            "name": "www-basvm",
            "network_interface_ids": [
              "/subscriptions/99b79efe-ebd6-468c-b39f-5669acb259e1/resourceGroups/04-T1-www/providers/Microsoft.Network/networkInterfaces/www-bas-nic"
            ],
            "os_disk": [
              {
                "caching": "ReadWrite",
                "diff_disk_settings": [],
                "disk_encryption_set_id": "",
                "disk_size_gb": 10,
                "id": "/subscriptions/99b79efe-ebd6-468c-b39f-5669acb259e1/resourceGroups/04-T1-www/providers/Microsoft.Compute/disks/www-basvm_disk1_116134785b4548c395403158fe6bc263",
                "name": "www-basvm_disk1_116134785b4548c395403158fe6bc263",
                "secure_vm_disk_encryption_set_id": "",
                "security_encryption_type": "",
                "storage_account_type": "Standard_LRS",
                "write_accelerator_enabled": false
              }
            ],
            "os_image_notification": [],
            "os_managed_disk_id": "/subscriptions/99b79efe-ebd6-468c-b39f-5669acb259e1/resourceGroups/04-T1-www/providers/Microsoft.Compute/disks/www-basvm_disk1_116134785b4548c395403158fe6bc263",
            "patch_assessment_mode": "ImageDefault",
            "patch_mode": "ImageDefault",
            "plan": [
              {
                "name": "9-lvm",
                "product": "rockylinux-x86_64",
                "publisher": "resf"
              }
            ],
            "platform_fault_domain": -1,
            "priority": "Regular",
            "private_ip_address": "10.0.0.4",
            "private_ip_addresses": [
              "10.0.0.4"
            ],
            "provision_vm_agent": true,
            "proximity_placement_group_id": "",
            "public_ip_address": "4.230.138.159",
            "public_ip_addresses": [
              "4.230.138.159"
            ],
            "reboot_setting": "",
            "resource_group_name": "04-T1-www",
            "secret": [],
            "secure_boot_enabled": false,
            "size": "Standard_B1s",
            "source_image_id": "",
            "source_image_reference": [
              {
                "offer": "rockylinux-x86_64",
                "publisher": "resf",
                "sku": "9-lvm",
                "version": "9.3.20231113"
              }
            ],
            "tags": {},
            "termination_notification": [],
            "timeouts": null,
            "user_data": "IyEgL2Jpbi9iYXNoDQoNCiMgc2V0ZW5mb3JjZSAwDQojIGdydWJieSAtLXVwZGF0ZS1rZXJuZWwgQUxMIC0tYXJncyBzZWxpbnV4PTANCiMgZWNobyAtZSAiLS0tLS1CRUdJTiBPUEVOU1NIIFBSSVZBVEUgS0VZLS0tLS0NCiMgYjNCbGJuTnphQzFyWlhrdGRqRUFBQUFBQkc1dmJtVUFBQUFFYm05dVpRQUFBQUFBQUFBQkFBQUFNd0FBQUF0emMyZ3RaVw0KIyBReU5UVXhPUUFBQUNEMERNK3FWNmRkU29VOUlWcjdZNFg1MWdzYjFSR3JrWWNPM1U0THA2THVEQUFBQUpqZTgvNjMzdlArDQojIHR3QUFBQXR6YzJndFpXUXlOVFV4T1FBQUFDRDBETStxVjZkZFNvVTlJVnI3WTRYNTFnc2IxUkdya1ljTzNVNExwNkx1REENCiMgQUFBRUFZNEhRWFQ2M1hhUnNxRndrSDNYUVlwZzdaVS9MNHBsNlEwOUxNVFFmYTdmUU16NnBYcDExS2hUMGhXdnRqaGZuVw0KIyBDeHZWRWF1Umh3N2RUZ3Vub3U0TUFBQUFFR2RuYW1jek0wQm5iV0ZwYkM1amIyMEJBZ01FQlE9PQ0KIyAtLS0tLUVORCBPUEVOU1NIIFBSSVZBVEUgS0VZLS0tLS0iID4gL2hvbWUvd3d3Ly5zc2gvaWRfZWQyNTUxOQ0KIyBjaG93biB3d3cud3d3IC9ob21lL3d3dy8uc3NoL2lkX2VkMjU1MTkNCiMgY2htb2QgNjAwIC9ob21lL3d3dy8uc3NoL2lkX2VkMjU1MTkNCg0Kc2V0ZW5mb3JjZSAwDQpzdWRvIGZpcmV3YWxsLWNtZCAtLXpvbmU9cHVibGljIC0tYWRkLXBvcnQ9MjIvdGNwIC0tcGVybWFuZW50DQpzdWRvIGZpcmV3YWxsLWNtZCAtLXJlbG9hZA0KDQpncnViYnkgLS11cGRhdGUta2VybmVsIEFMTCAtLWFyZ3Mgc2VsaW51eD0wDQplY2hvIC1lICItLS0tLUJFR0lOIE9QRU5TU0ggUFJJVkFURSBLRVktLS0tLQ0KYjNCbGJuTnphQzFyWlhrdGRqRUFBQUFBQkc1dmJtVUFBQUFFYm05dVpRQUFBQUFBQUFBQkFBQUFNd0FBQUF0emMyZ3RaVw0KUXlOVFV4T1FBQUFDRDBETStxVjZkZFNvVTlJVnI3WTRYNTFnc2IxUkdya1ljTzNVNExwNkx1REFBQUFKamU4LzYzM3ZQKw0KdHdBQUFBdHpjMmd0WldReU5UVXhPUUFBQUNEMERNK3FWNmRkU29VOUlWcjdZNFg1MWdzYjFSR3JrWWNPM1U0THA2THVEQQ0KQUFBRUFZNEhRWFQ2M1hhUnNxRndrSDNYUVlwZzdaVS9MNHBsNlEwOUxNVFFmYTdmUU16NnBYcDExS2hUMGhXdnRqaGZuVw0KQ3h2VkVhdVJodzdkVGd1bm91NE1BQUFBRUdkbmFtY3pNMEJuYldGcGJDNWpiMjBCQWdNRUJRPT0NCi0tLS0tRU5EIE9QRU5TU0ggUFJJVkFURSBLRVktLS0tLSIgPiAvaG9tZS93d3cvLnNzaC9pZF9lZDI1NTE5DQpjaG93biB3d3cud3d3IC9ob21lL3d3dy8uc3NoL2lkX2VkMjU1MTkNCmNobW9kIDYwMCAvaG9tZS93d3cvLnNzaC9pZF9lZDI1NTE5DQoNCiMgYXV0aG9yaXplZF9rZXlzIOyEpOyglSAo6rO16rCc7YKkKQ0KY2F0IDw8J0VPRicgPiAvaG9tZS93d3cvLnNzaC9hdXRob3JpemVkX2tleXMNCnNzaC1lZDI1NTE5IEFBQUFDM056YUMxbFpESTFOVEU1QUFBQUlQUU16NnBYcDExS2hUMGhXdnRqaGZuV0N4dlZFYXVSaHc3ZFRndW5vdTRNIA0KRU9GDQpjaG93biB3d3c6d3d3IC9ob21lL3d3dy8uc3NoL2F1dGhvcml6ZWRfa2V5cw0KY2htb2QgNjAwIC9ob21lL3d3dy8uc3NoL2F1dGhvcml6ZWRfa2V5cw==",
            "virtual_machine_id": "5dda1023-565f-48b6-bc67-b0ed34553504",
            "virtual_machine_scale_set_id": "",
            "vm_agent_platform_updates_enabled": false,
            "vtpm_enabled": false,
            "zone": ""
          },
          "sensitive_attributes": [
            [
              {
                "type": "get_attr",
                "value": "admin_password"
              }
            ],
            [
              {
                "type": "get_attr",
                "value": "custom_data"
              }
            ]
          ],
          "identity_schema_version": 0,
          "private": "eyJlMmJmYjczMC1lY2FhLTExZTYtOGY4OC0zNDM2M2JjN2M0YzAiOnsiY3JlYXRlIjoyNzAwMDAwMDAwMDAwLCJkZWxldGUiOjI3MDAwMDAwMDAwMDAsInJlYWQiOjMwMDAwMDAwMDAwMCwidXBkYXRlIjoyNzAwMDAwMDAwMDAwfX0=",
          "dependencies": [
            "azurerm_nat_gateway.www_nat",
            "azurerm_network_interface.www_bas_nic",
            "azurerm_public_ip.www_basip",
            "azurerm_resource_group.www_rg",
            "azurerm_subnet.www_bas",
            "azurerm_virtual_network.www_vnet0"
          ]
        }
      ]
    },
    {
      "mode": "managed",
      "type": "azurerm_linux_virtual_machine",
      "name": "www_dbvm",
      "provider": "provider[\"registry.terraform.io/hashicorp/azurerm\"]",
      "instances": [
        {
          "schema_version": 0,
          "attributes": {
            "additional_capabilities": [],
            "admin_password": null,
            "admin_ssh_key": [
              {
                "public_key": "ssh-ed25519 AAAAC3NzaC1lZDI1NTE5AAAAIPQMz6pXp11KhT0hWvtjhfnWCxvVEauRhw7dTgunou4M \r\n",
                "username": "www"
              }
            ],
            "admin_username": "www",
            "allow_extension_operations": true,
            "availability_set_id": "",
            "boot_diagnostics": [
              {
                "storage_account_uri": ""
              }
            ],
            "bypass_platform_safety_checks_on_user_schedule_enabled": false,
            "capacity_reservation_group_id": "",
            "computer_name": "www-dbvm",
            "custom_data": null,
            "dedicated_host_group_id": "",
            "dedicated_host_id": "",
            "disable_password_authentication": true,
            "disk_controller_type": "SCSI",
            "edge_zone": "",
            "encryption_at_host_enabled": false,
            "eviction_policy": "",
            "extensions_time_budget": "PT1H30M",
            "gallery_application": [],
            "id": "/subscriptions/99b79efe-ebd6-468c-b39f-5669acb259e1/resourceGroups/04-T1-www/providers/Microsoft.Compute/virtualMachines/www-dbvm",
            "identity": [
              {
                "identity_ids": [],
                "principal_id": "dd3d6aa1-b7ad-40ff-a0f5-41fbb177890f",
                "tenant_id": "548e9ef4-b1d5-48fa-b220-59f52d6db511",
                "type": "SystemAssigned"
              }
            ],
            "license_type": "",
            "location": "koreacentral",
            "max_bid_price": -1,
            "name": "www-dbvm",
            "network_interface_ids": [
              "/subscriptions/99b79efe-ebd6-468c-b39f-5669acb259e1/resourceGroups/04-T1-www/providers/Microsoft.Network/networkInterfaces/www-db-nic"
            ],
            "os_disk": [
              {
                "caching": "ReadWrite",
                "diff_disk_settings": [],
                "disk_encryption_set_id": "",
                "disk_size_gb": 10,
                "id": "/subscriptions/99b79efe-ebd6-468c-b39f-5669acb259e1/resourceGroups/04-T1-www/providers/Microsoft.Compute/disks/www-dbvm_disk1_d7cd9619e52c47458b8ffc7d51e22034",
                "name": "www-dbvm_disk1_d7cd9619e52c47458b8ffc7d51e22034",
                "secure_vm_disk_encryption_set_id": "",
                "security_encryption_type": "",
                "storage_account_type": "Standard_LRS",
                "write_accelerator_enabled": false
              }
            ],
            "os_image_notification": [],
            "os_managed_disk_id": "/subscriptions/99b79efe-ebd6-468c-b39f-5669acb259e1/resourceGroups/04-T1-www/providers/Microsoft.Compute/disks/www-dbvm_disk1_d7cd9619e52c47458b8ffc7d51e22034",
            "patch_assessment_mode": "ImageDefault",
            "patch_mode": "ImageDefault",
            "plan": [
              {
                "name": "9-lvm",
                "product": "rockylinux-x86_64",
                "publisher": "resf"
              }
            ],
            "platform_fault_domain": -1,
            "priority": "Regular",
            "private_ip_address": "10.0.4.4",
            "private_ip_addresses": [
              "10.0.4.4"
            ],
            "provision_vm_agent": true,
            "proximity_placement_group_id": "",
            "public_ip_address": "",
            "public_ip_addresses": [],
            "reboot_setting": "",
            "resource_group_name": "04-T1-www",
            "secret": [],
            "secure_boot_enabled": false,
            "size": "Standard_B4as_v2",
            "source_image_id": "",
            "source_image_reference": [
              {
                "offer": "rockylinux-x86_64",
                "publisher": "resf",
                "sku": "9-lvm",
                "version": "9.3.20231113"
              }
            ],
            "tags": {},
            "termination_notification": [],
            "timeouts": null,
            "user_data": "IyEgL2Jpbi9iYXNoDQpzZXRlbmZvcmNlIDANCmdydWJieSAtLXVwZGF0ZS1rZXJuZWwgQUxMIC0tYXJncyBzZWxpbnV4PTANCg0KIyBTU0gg7ISk7LmYIOuwjyDshJzruYTsiqQg7Iuc7J6RDQpzdWRvIGRuZiBpbnN0YWxsIC15IG9wZW5zc2gtc2VydmVyDQpzdWRvIHN5c3RlbWN0bCBlbmFibGUgc3NoZA0Kc3VkbyBzeXN0ZW1jdGwgc3RhcnQgc3NoZA0KDQojIOuwqe2ZlOuyvSDtl4jsmqkNCnN1ZG8gZmlyZXdhbGwtY21kIC0tcGVybWFuZW50IC0tYWRkLXNlcnZpY2U9c3NoDQpzdWRvIGZpcmV3YWxsLWNtZCAtLXJlbG9hZA0KDQojIERCIOyEpOy5mA0Kc3VkbyBkbmYgaW5zdGFsbCAteSBteXNxbC1zZXJ2ZXINCnN1ZG8gc3lzdGVtY3RsIGVuYWJsZSAtLW5vdyBteXNxbGQNCm15c3FsIC11cm9vdCAtZSAiQ1JFQVRFIFVTRVIgJ3d3dydAJyUnIElERU5USUZJRUQgQlkgJ0l0MTIzNDUhJzsgR1JBTlQgQUxMIFBSSVZJTEVHRVMgT04gKi4qIFRPICd3d3cnQCclJzsgQ1JFQVRFIERBVEFCQVNFIHdvcmRwcmVzczsiDQoNCg0KDQojIEZpcmV3YWxsDQpzdWRvIGZpcmV3YWxsLWNtZCAtLXpvbmU9cHVibGljIC0tYWRkLXBvcnQ9MjIvdGNwIC0tcGVybWFuZW50DQpzdWRvIGZpcmV3YWxsLWNtZCAtLXpvbmU9cHVibGljIC0tYWRkLXBvcnQ9ODAvdGNwIC0tcGVybWFuZW50DQpzdWRvIGZpcmV3YWxsLWNtZCAtLXJlbG9hZA0K",
            "virtual_machine_id": "b7277e4f-9af4-4d65-badc-32e601bb8151",
            "virtual_machine_scale_set_id": "",
            "vm_agent_platform_updates_enabled": false,
            "vtpm_enabled": false,
            "zone": ""
          },
          "sensitive_attributes": [
            [
              {
                "type": "get_attr",
                "value": "admin_password"
              }
            ],
            [
              {
                "type": "get_attr",
                "value": "custom_data"
              }
            ]
          ],
          "identity_schema_version": 0,
          "private": "eyJlMmJmYjczMC1lY2FhLTExZTYtOGY4OC0zNDM2M2JjN2M0YzAiOnsiY3JlYXRlIjoyNzAwMDAwMDAwMDAwLCJkZWxldGUiOjI3MDAwMDAwMDAwMDAsInJlYWQiOjMwMDAwMDAwMDAwMCwidXBkYXRlIjoyNzAwMDAwMDAwMDAwfX0=",
          "dependencies": [
            "azurerm_nat_gateway.www_nat",
            "azurerm_network_interface.www_db_nic",
            "azurerm_resource_group.www_rg",
            "azurerm_subnet.www_db",
            "azurerm_virtual_network.www_vnet0"
          ]
        }
      ]
    },
    {
      "mode": "managed",
      "type": "azurerm_linux_virtual_machine",
      "name": "www_vnet1_web1vm",
      "provider": "provider[\"registry.terraform.io/hashicorp/azurerm\"]",
      "instances": [
        {
          "schema_version": 0,
          "attributes": {
            "additional_capabilities": [],
            "admin_password": null,
            "admin_ssh_key": [
              {
                "public_key": "ssh-ed25519 AAAAC3NzaC1lZDI1NTE5AAAAIPQMz6pXp11KhT0hWvtjhfnWCxvVEauRhw7dTgunou4M \r\n",
                "username": "www"
              }
            ],
            "admin_username": "www",
            "allow_extension_operations": true,
            "availability_set_id": "",
            "boot_diagnostics": [
              {
                "storage_account_uri": ""
              }
            ],
            "bypass_platform_safety_checks_on_user_schedule_enabled": false,
            "capacity_reservation_group_id": "",
            "computer_name": "www-vnet1-web1vm",
            "custom_data": null,
            "dedicated_host_group_id": "",
            "dedicated_host_id": "",
            "disable_password_authentication": true,
            "disk_controller_type": "SCSI",
            "edge_zone": "",
            "encryption_at_host_enabled": false,
            "eviction_policy": "",
            "extensions_time_budget": "PT1H30M",
            "gallery_application": [],
            "id": "/subscriptions/99b79efe-ebd6-468c-b39f-5669acb259e1/resourceGroups/04-T1-www/providers/Microsoft.Compute/virtualMachines/www-vnet1-web1vm",
            "identity": [
              {
                "identity_ids": [],
                "principal_id": "b894b9da-0463-4baf-8932-5be9fe44e04b",
                "tenant_id": "548e9ef4-b1d5-48fa-b220-59f52d6db511",
                "type": "SystemAssigned"
              }
            ],
            "license_type": "",
            "location": "koreasouth",
            "max_bid_price": -1,
            "name": "www-vnet1-web1vm",
            "network_interface_ids": [
              "/subscriptions/99b79efe-ebd6-468c-b39f-5669acb259e1/resourceGroups/04-T1-www/providers/Microsoft.Network/networkInterfaces/wwwweb1-v1-nic"
            ],
            "os_disk": [
              {
                "caching": "ReadWrite",
                "diff_disk_settings": [],
                "disk_encryption_set_id": "",
                "disk_size_gb": 10,
                "id": "/subscriptions/99b79efe-ebd6-468c-b39f-5669acb259e1/resourceGroups/04-T1-www/providers/Microsoft.Compute/disks/www-vnet1-web1vm_disk1_cc15752eaae043eeb91bec0d26660bf2",
                "name": "www-vnet1-web1vm_disk1_cc15752eaae043eeb91bec0d26660bf2",
                "secure_vm_disk_encryption_set_id": "",
                "security_encryption_type": "",
                "storage_account_type": "Standard_LRS",
                "write_accelerator_enabled": false
              }
            ],
            "os_image_notification": [],
            "os_managed_disk_id": "/subscriptions/99b79efe-ebd6-468c-b39f-5669acb259e1/resourceGroups/04-T1-www/providers/Microsoft.Compute/disks/www-vnet1-web1vm_disk1_cc15752eaae043eeb91bec0d26660bf2",
            "patch_assessment_mode": "ImageDefault",
            "patch_mode": "ImageDefault",
            "plan": [
              {
                "name": "9-lvm",
                "product": "rockylinux-x86_64",
                "publisher": "resf"
              }
            ],
            "platform_fault_domain": -1,
            "priority": "Regular",
            "private_ip_address": "192.168.2.4",
            "private_ip_addresses": [
              "192.168.2.4"
            ],
            "provision_vm_agent": true,
            "proximity_placement_group_id": "",
            "public_ip_address": "",
            "public_ip_addresses": [],
            "reboot_setting": "",
            "resource_group_name": "04-T1-www",
            "secret": [],
            "secure_boot_enabled": false,
            "size": "Standard_B4as_v2",
            "source_image_id": "",
            "source_image_reference": [
              {
                "offer": "rockylinux-x86_64",
                "publisher": "resf",
                "sku": "9-lvm",
                "version": "9.3.20231113"
              }
            ],
            "tags": {},
            "termination_notification": [],
            "timeouts": null,
            "user_data": "IyEgL2Jpbi9iYXNoDQpzZXRlbmZvcmNlIDANCmdydWJieSAtLXVwZGF0ZS1rZXJuZWwgQUxMIC0tYXJncyBzZWxpbnV4PTANCnN1ZG8gZG5mIGluc3RhbGwgLXkgd2dldCBodHRwZCBwaHAgcGhwLWdkIHBocC1vcGNhY2hlIHBocC1teXNxbG5kDQp3Z2V0IGh0dHBzOi8va28ud29yZHByZXNzLm9yZy93b3JkcHJlc3MtNi44LjMta29fS1IudGFyLmd6DQp0YXIgeHZmeiB3b3JkcHJlc3MtNi44LjMta29fS1IudGFyLmd6DQpjcCAtYXIgd29yZHByZXNzLyogL3Zhci93d3cvaHRtbA0Kc2VkIC1pICdzL0RpcmVjdG9yeUluZGV4IGluZGV4Lmh0bWwvRGlyZWN0b3J5SW5kZXggaW5kZXgucGhwL2cnIC9ldGMvaHR0cGQvY29uZi9odHRwZC5jb25mDQpjcCAvdmFyL3d3dy9odG1sL3dwLWNvbmZpZy1zYW1wbGUucGhwIC92YXIvd3d3L2h0bWwvd3AtY29uZmlnLnBocA0Kc2VkIC1pICdzL2RhdGFiYXNlX25hbWVfaGVyZS93b3JkcHJlc3MvZycgL3Zhci93d3cvaHRtbC93cC1jb25maWcucGhwDQpzZWQgLWkgJ3MvdXNlcm5hbWVfaGVyZS93d3cvZycgL3Zhci93d3cvaHRtbC93cC1jb25maWcucGhwDQpzZWQgLWkgJ3MvcGFzc3dvcmRfaGVyZS9JdDEyMzQ1IS9nJyAvdmFyL3d3dy9odG1sL3dwLWNvbmZpZy5waHANCnNlZCAtaSAncy9sb2NhbGhvc3QvMTAuMC40LjQvZycgL3Zhci93d3cvaHRtbC93cC1jb25maWcucGhwDQplY2hvICRIT1NUTkFNRSA+IC92YXIvd3d3L2h0bWwvaGVhbHRoLmh0bWwNCnN1ZG8gc3lzdGVtY3RsIGVuYWJsZSAtLW5vdyBodHRwZA0KDQoNCnN1ZG8gZmlyZXdhbGwtY21kIC0tem9uZT1wdWJsaWMgLS1hZGQtcG9ydD0yMi90Y3AgLS1wZXJtYW5lbnQNCnN1ZG8gZmlyZXdhbGwtY21kIC0tem9uZT1wdWJsaWMgLS1hZGQtcG9ydD04MC90Y3AgLS1wZXJtYW5lbnQNCnN1ZG8gZmlyZXdhbGwtY21kIC0tcmVsb2FkDQojIyBpZF9lZDI1NTE5DQplY2hvIC1lICItLS0tLUJFR0lOIE9QRU5TU0ggUFJJVkFURSBLRVktLS0tLQ0KYjNCbGJuTnphQzFyWlhrdGRqRUFBQUFBQkc1dmJtVUFBQUFFYm05dVpRQUFBQUFBQUFBQkFBQUFNd0FBQUF0emMyZ3RaVw0KUXlOVFV4T1FBQUFDRDBETStxVjZkZFNvVTlJVnI3WTRYNTFnc2IxUkdya1ljTzNVNExwNkx1REFBQUFKamU4LzYzM3ZQKw0KdHdBQUFBdHpjMmd0WldReU5UVXhPUUFBQUNEMERNK3FWNmRkU29VOUlWcjdZNFg1MWdzYjFSR3JrWWNPM1U0THA2THVEQQ0KQUFBRUFZNEhRWFQ2M1hhUnNxRndrSDNYUVlwZzdaVS9MNHBsNlEwOUxNVFFmYTdmUU16NnBYcDExS2hUMGhXdnRqaGZuVw0KQ3h2VkVhdVJodzdkVGd1bm91NE1BQUFBRUdkbmFtY3pNMEJuYldGcGJDNWpiMjBCQWdNRUJRPT0NCi0tLS0tRU5EIE9QRU5TU0ggUFJJVkFURSBLRVktLS0tLSIgPiAvaG9tZS93d3cvLnNzaC9pZF9lZDI1NTE5DQpjaG93biB3d3c6d3d3IC9ob21lL3d3dy8uc3NoL2lkX2VkMjU1MTkNCmNobW9kIDYwMCAvaG9tZS93d3cvLnNzaC9pZF9lZDI1NTE5DQoNCiMgYXV0aG9yaXplZF9rZXlzIOyEpOyglSAo6rO16rCc7YKkKQ0KY2F0IDw8J0VPRicgPiAvaG9tZS93d3cvLnNzaC9hdXRob3JpemVkX2tleXMNCnNzaC1lZDI1NTE5IEFBQUFDM056YUMxbFpESTFOVEU1QUFBQUlQUU16NnBYcDExS2hUMGhXdnRqaGZuV0N4dlZFYXVSaHc3ZFRndW5vdTRNIA0KRU9GDQpjaG93biB3d3c6d3d3IC9ob21lL3d3dy8uc3NoL2F1dGhvcml6ZWRfa2V5cw0KY2htb2QgNjAwIC9ob21lL3d3dy8uc3NoL2F1dGhvcml6ZWRfa2V5cw0KDQpTRVJWRVJfSE9TVE5BTUU9JChob3N0bmFtZSkNCmNob3duIC1SIGFwYWNoZTphcGFjaGUgL3Zhci93d3cvaHRtbA0KY2htb2QgLVIgNzU1IC92YXIvd3d3L2h0bWwNCg0KY2F0IDw8RU9GID4gL3Zhci93d3cvaHRtbC9pbmRleC5odG1sDQo8IURPQ1RZUEUgaHRtbD4NCjxodG1sIGxhbmc9ImtvIj4NCjxoZWFkPg0KICAgIDxtZXRhIGNoYXJzZXQ9IlVURi04Ij4NCiAgICA8bWV0YSBuYW1lPSJ2aWV3cG9ydCIgY29udGVudD0id2lkdGg9ZGV2aWNlLXdpZHRoLCBpbml0aWFsLXNjYWxlPTEuMCI+DQogICAgPHRpdGxlPlRFQU1fMSDtmYjtjpjsnbTsp4A8L3RpdGxlPg0KICAgIDxzdHlsZT4NCiAgICAgICAgLyog7KCE7LK0IOq4sOuzuCDsiqTtg4DsnbwgKi8NCiAgICAgICAgYm9keSB7DQogICAgICAgICAgICBmb250LWZhbWlseTogQXJpYWwsIHNhbnMtc2VyaWY7DQogICAgICAgICAgICBtYXJnaW46IDA7DQogICAgICAgICAgICBwYWRkaW5nOiAwOw0KICAgICAgICAgICAgbGluZS1oZWlnaHQ6IDEuNjsNCiAgICAgICAgICAgIGNvbG9yOiAjMjIyOw0KICAgICAgICAgICAgLyogKipb67OA6rK965CoXSoqIGJvZHkg67Cw6rK97IOJ7J2EIO2dsOyDieycvOuhnCDqs6DsoJUgKENTU+yXkOyEnCDsp4HsoJEg7ISk7KCVKSAqLw0KICAgICAgICAgICAgYmFja2dyb3VuZC1jb2xvcjogI2ZmZmZmZjsgDQogICAgICAgIH0NCg0KICAgICAgICAvKiDsg4Hri6gg7JiB7JetICovDQogICAgICAgIGhlYWRlciB7DQogICAgICAgICAgICAvKiAqKlvrs4Dqsr3rkKhdKiog6riw67O4IOuwsOqyveyDiSDshKTsoJUgKEpT7JeQ7IScIO2YuOyKpO2KuOuEpOyehOyXkCDrlLDrnbwg67OA6rK965CgIOyYiOyglSkgKi8NCiAgICAgICAgICAgIGJhY2tncm91bmQtY29sb3I6ICMwMDA7IA0KICAgICAgICAgICAgY29sb3I6ICNmZmY7DQogICAgICAgICAgICBwYWRkaW5nOiAyNXB4IDIwcHg7DQogICAgICAgICAgICB0ZXh0LWFsaWduOiBjZW50ZXI7DQogICAgICAgICAgICBmb250LXNpemU6IDJlbTsNCiAgICAgICAgICAgIGZvbnQtd2VpZ2h0OiBib2xkOw0KICAgICAgICAgICAgcG9zaXRpb246IHJlbGF0aXZlOw0KICAgICAgICB9DQoNCiAgICAgICAgLyog7Jik66W47Kq9IOychCDtmLjsiqTtirjrhKTsnoQg7ZGc7IucICovDQogICAgICAgICNob3N0bmFtZS1kaXNwbGF5IHsNCiAgICAgICAgICAgIHBvc2l0aW9uOiBhYnNvbHV0ZTsNCiAgICAgICAgICAgIHRvcDogMTBweDsNCiAgICAgICAgICAgIHJpZ2h0OiAyMHB4Ow0KICAgICAgICAgICAgZm9udC1zaXplOiAwLjllbTsNCiAgICAgICAgICAgIGNvbG9yOiAjZmZmOw0KICAgICAgICAgICAgYmFja2dyb3VuZC1jb2xvcjogcmdiYSgwLDAsMCwwLjMpOw0KICAgICAgICAgICAgcGFkZGluZzogNHB4IDhweDsNCiAgICAgICAgICAgIGJvcmRlci1yYWRpdXM6IDVweDsNCiAgICAgICAgfQ0KDQogICAgICAgIC8qIOyEueyFmCDqs7XthrUg7Iqk7YOA7J28ICovDQogICAgICAgIHNlY3Rpb24gew0KICAgICAgICAgICAgcGFkZGluZzogNjBweCAyMHB4Ow0KICAgICAgICAgICAgbWF4LXdpZHRoOiAxMDAwcHg7DQogICAgICAgICAgICBtYXJnaW46IGF1dG87DQogICAgICAgICAgICBjb2xvcjogIzIyMjsNCiAgICAgICAgICAgIC8qICoqW+ywuOqzoF0qKiDshLnshZgg7J6Q7LK064qUIO2dsOyDiSDrsLDqsr3snYQg7Jyg7KeAICovDQogICAgICAgICAgICBiYWNrZ3JvdW5kLWNvbG9yOiAjZmZmZmZmOyANCiAgICAgICAgfQ0KDQogICAgICAgIHNlY3Rpb24gaDIgew0KICAgICAgICAgICAgYm9yZGVyLWJvdHRvbTogM3B4IHNvbGlkICM1NTU7DQogICAgICAgICAgICBwYWRkaW5nLWJvdHRvbTogMTBweDsNCiAgICAgICAgICAgIG1hcmdpbi1ib3R0b206IDI1cHg7DQogICAgICAgICAgICBmb250LXNpemU6IDEuOGVtOw0KICAgICAgICB9DQoNCiAgICAgICAgLyog7IKs7J207Yq4IOyXsOqysCDrp4Htgawg7Iqk7YOA7J28ICovDQogICAgICAgIC5saW5rcyBhIHsNCiAgICAgICAgICAgIGRpc3BsYXk6IGlubGluZS1ibG9jazsNCiAgICAgICAgICAgIG1hcmdpbi1yaWdodDogMTVweDsNCiAgICAgICAgICAgIG1hcmdpbi1ib3R0b206IDEwcHg7DQogICAgICAgICAgICBwYWRkaW5nOiA4cHggMTVweDsNCiAgICAgICAgICAgIGJhY2tncm91bmQtY29sb3I6ICM0NDQ7DQogICAgICAgICAgICBjb2xvcjogI2ZmZjsNCiAgICAgICAgICAgIHRleHQtZGVjb3JhdGlvbjogbm9uZTsNCiAgICAgICAgICAgIGJvcmRlci1yYWRpdXM6IDVweDsNCiAgICAgICAgICAgIGZvbnQtd2VpZ2h0OiA1MDA7DQogICAgICAgICAgICB0cmFuc2l0aW9uOiAwLjNzOw0KICAgICAgICB9DQoNCiAgICAgICAgLmxpbmtzIGE6aG92ZXIgew0KICAgICAgICAgICAgYmFja2dyb3VuZC1jb2xvcjogIzIyMjsNCiAgICAgICAgfQ0KDQogICAgICAgIC8qIOyekOujjCDrpqzsiqTtirggKi8NCiAgICAgICAgLnJlc291cmNlcyB1bCB7DQogICAgICAgICAgICBsaXN0LXN0eWxlLXR5cGU6IHNxdWFyZTsNCiAgICAgICAgICAgIHBhZGRpbmctbGVmdDogMjBweDsNCiAgICAgICAgfQ0KDQogICAgICAgIC5yZXNvdXJjZXMgdWwgbGkgYSB7DQogICAgICAgICAgICBjb2xvcjogIzAwMDsNCiAgICAgICAgICAgIHRleHQtZGVjb3JhdGlvbjogbm9uZTsNCiAgICAgICAgICAgIHRyYW5zaXRpb246IDAuM3M7DQogICAgICAgIH0NCg0KICAgICAgICAucmVzb3VyY2VzIHVsIGxpIGE6aG92ZXIgew0KICAgICAgICAgICAgdGV4dC1kZWNvcmF0aW9uOiB1bmRlcmxpbmU7DQogICAgICAgICAgICBjb2xvcjogIzU1NTsNCiAgICAgICAgfQ0KDQogICAgICAgIC8qIOuwmOydke2YlSAqLw0KICAgICAgICBAbWVkaWEgKG1heC13aWR0aDogNjAwcHgpIHsNCiAgICAgICAgICAgIGhlYWRlciB7IGZvbnQtc2l6ZTogMS41ZW07IHBhZGRpbmc6IDIwcHggMTBweDsgfQ0KICAgICAgICAgICAgc2VjdGlvbiB7IHBhZGRpbmc6IDQwcHggMTVweDsgfQ0KICAgICAgICAgICAgLmxpbmtzIGEgeyBwYWRkaW5nOiA2cHggMTBweDsgbWFyZ2luLXJpZ2h0OiAxMHB4OyB9DQogICAgICAgICAgICAjaG9zdG5hbWUtZGlzcGxheSB7IGZvbnQtc2l6ZTogMC44ZW07IHRvcDogOHB4OyByaWdodDogMTBweDsgfQ0KICAgICAgICB9DQogICAgPC9zdHlsZT4NCjwvaGVhZD4NCjxib2R5Pg0KDQogICAgPGhlYWRlcj4NCiAgICAgICAgVEVBTV8xIEhPTUVQQUdFDQogICAgICAgIDxkaXYgaWQ9Imhvc3RuYW1lLWRpc3BsYXkiPjwvZGl2Pg0KICAgIDwvaGVhZGVyPg0KDQogICAgPHNlY3Rpb24gaWQ9ImhvbWUiPg0KICAgICAgICA8aDI+7ZmIPC9oMj4NCiAgICAgICAgPHA+7ZmY7JiB7ZWp64uI64ukISBURUFNXzEg7ZmI7Y6Y7J207KeA7JeQIOyYpOyLoCDqsoPsnYQg7ZmY7JiB7ZWp64uI64ukLjwvcD4NCiAgICA8L3NlY3Rpb24+DQoNCiAgICA8c2VjdGlvbiBpZD0ibGlua3MiPg0KICAgICAgICA8aDI+7IKs7J207Yq4IOyXsOqysDwvaDI+DQogICAgICAgIDxkaXYgY2xhc3M9ImxpbmtzIj4NCiAgICAgICAgICAgIDxhIGhyZWY9Imh0dHBzOi8vZ2l0aHViLmNvbS9nZ2pnMzMwMjA0L3RlYW1fd3d3IiB0YXJnZXQ9Il9ibGFuayIgdGl0bGU9IkdpdEh1YiDsoIDsnqXshowg7Je06riwIj5HaXRIdWI8L2E+DQogICAgICAgICAgICA8YSBocmVmPSJodHRwczovL2RvY3MuZ29vZ2xlLmNvbS9kb2N1bWVudC9kLzF5VE5tSVVMZUNzRGt6LV9IMUJJOUJXM3NaYl9qSEQyYmh1S0dhNzdzUVhFL2VkaXQ/dXNwPXNoYXJpbmciIHRhcmdldD0iX2JsYW5rIiB0aXRsZT0iR29vZ2xlIERvY3Mg7Je06riwIj5Hb29nbGUgRG9jczwvYT4NCiAgICAgICAgICAgIDxhIGhyZWY9Imh0dHBzOi8vZG9jcy5nb29nbGUuY29tL3ByZXNlbnRhdGlvbi9kLzFQT00yZmVPUjZ0YjZvbGxCQWZZTUl2Z2tIQXR3ZWQ5aUFPcWx6cUlIY3dzL2VkaXQ/dXNwPXNoYXJpbmciIHRhcmdldD0iX2JsYW5rIiB0aXRsZT0iR29vZ2xlIFNsaWRlIOyXtOq4sCI+R29vZ2xlIFNsaWRlPC9hPg0KICAgICAgICA8L2Rpdj4NCiAgICA8L3NlY3Rpb24+DQoNCiAgICA8c2VjdGlvbiBpZD0icmVzb3VyY2VzIj4NCiAgICAgICAgPGgyPu2PrO2KuO2PtOumrOyYpDwvaDI+DQogICAgICAgIDxkaXYgY2xhc3M9InJlc291cmNlcyI+DQogICAgICAgICAgICA8dWw+DQogICAgICAgICAgICAgICAgPGxpPjxhIGhyZWY9IiMiIHRpdGxlPSLsnbTquLDtm4gg7J6Q66OMIOuLpOyatOuhnOuTnCI+7J206riw7ZuIPC9hPjwvbGk+DQogICAgICAgICAgICAgICAgPGxpPjxhIGhyZWY9IiMiIHRpdGxlPSLsnpDro4wgMiDri6TsmrTroZzrk5wiPuyekOujjCAyPC9hPjwvbGk+DQogICAgICAgICAgICAgICAgPGxpPjxhIGhyZWY9IiMiIHRpdGxlPSLsnpDro4wgMyDri6TsmrTroZzrk5wiPuyekOujjCAzPC9hPjwvbGk+DQogICAgICAgICAgICA8L3VsPg0KICAgICAgICA8L2Rpdj4NCiAgICA8L3NlY3Rpb24+DQoNCiAgICA8c2NyaXB0Pg0KICAgICAgICAvLyA9PT09PT09PT09PT09PT09PT09PT09PT09PT09PT09PT09PT09PT09PT09PT0NCiAgICAgICAgLy8gMS4g7YWM7Iqk7Yq47JqpIO2YuOyKpO2KuOuEpOyehCAoUEMgMeuMgOyXkOyEnCDthYzsiqTtirjtlaAg65WMKQ0KICAgICAgICAvL2NvbnN0IFRFU1RfSE9TVE5BTUUgPSAid3d3LXdlYiI7wqANCiAgICAgICAgLy9jb25zdCBURVNUX0hPU1ROQU1FID0gInd3dy12bXNzMDAwMDAxIjvCoA0KICAgICAgICAvL2NvbnN0IFRFU1RfSE9TVE5BTUUgPSAid3d3LXZtc3MwMDAwMDMiO8KgDQogICAgICAgIC8vIFRFU1RfSE9TVE5BTUUg6rCS7J2EIOuwlOq/lOqwgOupsCDsg4nsg4Eg7ZmV7J24IOqwgOuKpSAo7JiIOiAnd3d3LXZtc3MwMDAwMDEnIC0+IOu5qOqwlSkNCiAgICAgICAgLy8gPT09PT09PT09PT09PT09PT09PT09PT09PT09PT09PT09PT09PT09PT09PT09DQoNCiAgICAgICAgLy8gMi4g7Iuk7KCcIO2OmOydtOyngOyXkOyEnOuKlCDshJzrsoTsl5DshJwg7Zi47Iqk7Yq464Sk7J6E7J2EIOyjvOyehQ0KICAgICAgICBjb25zdCBob3N0bmFtZSA9ICcke1NFUlZFUl9IT1NUTkFNRX0nOyAvLyDsi6TsoJwg7ISc67KE7JeQ7IScIOyjvOyehSDsi5wg7KO87ISdIO2VtOygnA0KICAgICAgICAvLyBjb25zdCBob3N0bmFtZSA9IFRFU1RfSE9TVE5BTUU7IC8vIO2FjOyKpO2KuCDsi5wg7KO87ISdIO2VtOygnA0KDQogICAgICAgIC8vIOyVhOuemCDrnbzsnbgg7ZWY64KY66GcIO2FjOyKpO2KuC/si6TsoJwg7Im96rKMIOyghO2ZmCDqsIDriqUNCiAgICAgICAgLy9jb25zdCBob3N0bmFtZSA9IFRFU1RfSE9TVE5BTUU7DQoNCiAgICAgICAgLy8g7Jik66W47Kq9IOychCDtmLjsiqTtirjrhKTsnoQg7ZGc7IucDQogICAgICAgIGRvY3VtZW50LmdldEVsZW1lbnRCeUlkKCJob3N0bmFtZS1kaXNwbGF5IikudGV4dENvbnRlbnQgPSBob3N0bmFtZTsNCg0KICAgICAgICAvLyDrrLTsp4DqsJwg7IOJ7IOBIOuwsOyXtA0KIGNvbnN0IHJhaW5ib3dDb2xvcnMgPSBbDQrCoCDCoCDCoCDCoCAiI0ZGOTk5OSIsIC8vIDA6IOyXsO2VnCDruajqsJUNCsKgIMKgIMKgIMKgIMKgIMKgICIjRkZDOTk5IiwgLy8gMTog7Jew7ZWcIOyjvO2ZqQ0KwqAgwqAgwqAgwqAgwqAgwqAgIiNGRkZGOTkiLCAvLyAyOiDsl7DtlZwg64W4656RDQrCoCDCoCDCoCDCoCDCoCDCoCAiIzk5RkY5OSIsIC8vIDM6IOyXsO2VnCDstIjroZ0NCsKgIMKgIMKgIMKgIMKgIMKgICIjOTk5OUZGIiwgLy8gNDog7Jew7ZWcIO2MjOuekQ0KwqAgwqAgwqAgwqAgwqAgwqAgIiNBMzk5QzgiLCAvLyA1OiDsl7DtlZwg64Ko7IOJDQrCoCDCoCDCoCDCoCDCoCDCoCAiI0M4OTlGRiLCoCAvLyA2OiDsl7DtlZwg67O06528DQrCoCDCoCDCoCDCoCBdOw0KDQrCoCDCoCDCoCDCoCBsZXQgc2VsZWN0ZWRDb2xvciA9ICIjMDAwMDAwIjsgLy8g6riw67O4IOqygOygleyDiQ0KICAgICAgICBsZXQgaW5zdGFuY2VOdW1iZXIgPSBudWxsOyAvLyDsnbjsiqTthLTsiqQg67KI7Zi466W8IOyggOyepe2VoCDrs4DsiJgNCg0KICAgICAgICAvLyAxLiB3d3ctIOygkeuRkOyCrOyXkCDqtIDqs4Tsl4bsnbQgW+ygkeuRkOyCrF0tdm1zc1s27J6Q66asIOyIq+yekF0g7Yyo7YS0IOyymOumrA0KICAgICAgICBpZiAoLy12bXNzXGR7Nn0kLy50ZXN0KGhvc3RuYW1lKSkgew0KICAgICAgICAgICAgLy8g7Zi47Iqk7Yq464Sk7J6EIOuBnSA27J6Q66asIOyIq+yekOulvCDstpTstpwNCiAgICAgICAgICAgIGNvbnN0IG1hdGNoID0gaG9zdG5hbWUubWF0Y2goL1xkezZ9JC8pOw0KICAgICAgICAgICAgaWYgKG1hdGNoKSB7DQogICAgICAgICAgICAgICAgLy8gNuyekOumrCDsiKvsnpDrpbwg7KCV7IiY66GcIOuzgO2ZmCAo7JiIOiAwMDAwMDEgLT4gMSkNCiAgICAgICAgICAgICAgICBpbnN0YW5jZU51bWJlciA9IHBhcnNlSW50KG1hdGNoWzBdLCAxMCk7DQogICAgICAgICAgICB9DQogICAgICAgIH0gDQogICAgICAgIA0KICAgICAgICAvLyAyLiB3d3ctIOygkeuRkOyCrOyXkCDqtIDqs4Tsl4bsnbQgW+ygkeuRkOyCrF0td2ViW+yIq+yekF12bSDtjKjthLQg7LKY66asDQogICAgICAgIGVsc2UgaWYgKC8td2ViXGQrdm0kLy50ZXN0KGhvc3RuYW1lKSkgew0KICAgICAgICAgICAgLy8gd2Vi6rO8IHZtIOyCrOydtOyXkCDsnojripQg7Iir7J6Q66W8IOy2lOy2nA0KICAgICAgICAgICAgY29uc3QgbWF0Y2ggPSBob3N0bmFtZS5tYXRjaCgvd2ViKFxkKyl2bSQvKTsNCiAgICAgICAgICAgIGlmIChtYXRjaCAmJiBtYXRjaFsxXSkgew0KICAgICAgICAgICAgICAgIC8vIOyIq+yekOulvCDsoJXsiJjroZwg67OA7ZmYICjsmIg6IHdlYjF2bSAtPiAxKQ0KICAgICAgICAgICAgICAgIGluc3RhbmNlTnVtYmVyID0gcGFyc2VJbnQobWF0Y2hbMV0sIDEwKTsNCiAgICAgICAgICAgIH0NCiAgICAgICAgfQ0KICAgICAgICANCiAgICAgICAgLy8g7J247Iqk7YS07IqkIOuyiO2YuOqwgCDsnKDtmqjtlaAg6rK97JqwIOyDieyDgSDtlaDri7kNCiAgICAgICAgaWYgKGluc3RhbmNlTnVtYmVyICE9PSBudWxsICYmIGluc3RhbmNlTnVtYmVyID4gMCkgew0KICAgICAgICAgICAgLy8g7Iir7J6Q66W8IOuwsOyXtCDquLjsnbTroZwg64KY64iIIOuCmOuouOyngOuhnCDsnbjrjbHsiqQg6rKw7KCVICjsiJztmZgpDQogICAgICAgICAgICAvLyDsnbjrjbHsiqTripQgMOu2gO2EsCDsi5zsnpHtlZjrr4DroZwsIDHrsogg7J247Iqk7YS07Iqk64qUIDDrsogg7J24642x7Iqk7JeQIOunpO2VkeuQmOuPhOuhnSAtMeydhCDsgqzsmqkNCiAgICAgICAgICAgIGNvbnN0IGNvbG9ySW5kZXggPSAoaW5zdGFuY2VOdW1iZXIgLSAxKSAlIHJhaW5ib3dDb2xvcnMubGVuZ3RoOw0KICAgICAgICAgICAgc2VsZWN0ZWRDb2xvciA9IHJhaW5ib3dDb2xvcnNbY29sb3JJbmRleF07DQogICAgICAgIH0NCg0KwqAgwqAgwqAgwqAgLy8gKipb67OA6rK965CoXSoqIGJvZHnqsIAg7JWE64uMIGhlYWRlciDrsLDqsr3sg4kg7KCB7JqpDQrCoCDCoCDCoCDCoCBkb2N1bWVudC5xdWVyeVNlbGVjdG9yKCdoZWFkZXInKS5zdHlsZS5iYWNrZ3JvdW5kQ29sb3IgPSBzZWxlY3RlZENvbG9yOyAgICA8L3NjcmlwdD4NCg0KPC9ib2R5Pg0KPC9odG1sPg0KRU9G",
            "virtual_machine_id": "37d218b2-fcca-4135-9c78-d20be1507077",
            "virtual_machine_scale_set_id": "",
            "vm_agent_platform_updates_enabled": false,
            "vtpm_enabled": false,
            "zone": ""
          },
          "sensitive_attributes": [
            [
              {
                "type": "get_attr",
                "value": "admin_password"
              }
            ],
            [
              {
                "type": "get_attr",
                "value": "custom_data"
              }
            ]
          ],
          "identity_schema_version": 0,
          "private": "eyJlMmJmYjczMC1lY2FhLTExZTYtOGY4OC0zNDM2M2JjN2M0YzAiOnsiY3JlYXRlIjoyNzAwMDAwMDAwMDAwLCJkZWxldGUiOjI3MDAwMDAwMDAwMDAsInJlYWQiOjMwMDAwMDAwMDAwMCwidXBkYXRlIjoyNzAwMDAwMDAwMDAwfX0=",
          "dependencies": [
            "azurerm_nat_gateway.www_nat_v1",
            "azurerm_network_interface.www_web1_v1_nic",
            "azurerm_resource_group.www_rg",
            "azurerm_subnet.www_web1_v1",
            "azurerm_virtual_network.www_vnet1"
          ]
        }
      ]
    },
    {
      "mode": "managed",
      "type": "azurerm_linux_virtual_machine",
      "name": "www_web1vm",
      "provider": "provider[\"registry.terraform.io/hashicorp/azurerm\"]",
      "instances": [
        {
          "schema_version": 0,
          "attributes": {
            "additional_capabilities": [],
            "admin_password": null,
            "admin_ssh_key": [
              {
                "public_key": "ssh-ed25519 AAAAC3NzaC1lZDI1NTE5AAAAIPQMz6pXp11KhT0hWvtjhfnWCxvVEauRhw7dTgunou4M \r\n",
                "username": "www"
              }
            ],
            "admin_username": "www",
            "allow_extension_operations": true,
            "availability_set_id": "",
            "boot_diagnostics": [
              {
                "storage_account_uri": ""
              }
            ],
            "bypass_platform_safety_checks_on_user_schedule_enabled": false,
            "capacity_reservation_group_id": "",
            "computer_name": "www-web1vm",
            "custom_data": null,
            "dedicated_host_group_id": "",
            "dedicated_host_id": "",
            "disable_password_authentication": true,
            "disk_controller_type": "SCSI",
            "edge_zone": "",
            "encryption_at_host_enabled": false,
            "eviction_policy": "",
            "extensions_time_budget": "PT1H30M",
            "gallery_application": [],
            "id": "/subscriptions/99b79efe-ebd6-468c-b39f-5669acb259e1/resourceGroups/04-T1-www/providers/Microsoft.Compute/virtualMachines/www-web1vm",
            "identity": [
              {
                "identity_ids": [],
                "principal_id": "c843adbe-6c34-4dde-9575-e1297e579219",
                "tenant_id": "548e9ef4-b1d5-48fa-b220-59f52d6db511",
                "type": "SystemAssigned"
              }
            ],
            "license_type": "",
            "location": "koreacentral",
            "max_bid_price": -1,
            "name": "www-web1vm",
            "network_interface_ids": [
              "/subscriptions/99b79efe-ebd6-468c-b39f-5669acb259e1/resourceGroups/04-T1-www/providers/Microsoft.Network/networkInterfaces/www-web1-nic"
            ],
            "os_disk": [
              {
                "caching": "ReadWrite",
                "diff_disk_settings": [],
                "disk_encryption_set_id": "",
                "disk_size_gb": 10,
                "id": "/subscriptions/99b79efe-ebd6-468c-b39f-5669acb259e1/resourceGroups/04-T1-www/providers/Microsoft.Compute/disks/www-web1vm_disk1_2f1b949665b94b64b3f1f034658eac8c",
                "name": "www-web1vm_disk1_2f1b949665b94b64b3f1f034658eac8c",
                "secure_vm_disk_encryption_set_id": "",
                "security_encryption_type": "",
                "storage_account_type": "Standard_LRS",
                "write_accelerator_enabled": false
              }
            ],
            "os_image_notification": [],
            "os_managed_disk_id": "/subscriptions/99b79efe-ebd6-468c-b39f-5669acb259e1/resourceGroups/04-T1-www/providers/Microsoft.Compute/disks/www-web1vm_disk1_2f1b949665b94b64b3f1f034658eac8c",
            "patch_assessment_mode": "ImageDefault",
            "patch_mode": "ImageDefault",
            "plan": [
              {
                "name": "9-lvm",
                "product": "rockylinux-x86_64",
                "publisher": "resf"
              }
            ],
            "platform_fault_domain": -1,
            "priority": "Regular",
            "private_ip_address": "10.0.2.4",
            "private_ip_addresses": [
              "10.0.2.4"
            ],
            "provision_vm_agent": true,
            "proximity_placement_group_id": "",
            "public_ip_address": "",
            "public_ip_addresses": [],
            "reboot_setting": "",
            "resource_group_name": "04-T1-www",
            "secret": [],
            "secure_boot_enabled": false,
            "size": "Standard_B1s",
            "source_image_id": "",
            "source_image_reference": [
              {
                "offer": "rockylinux-x86_64",
                "publisher": "resf",
                "sku": "9-lvm",
                "version": "9.3.20231113"
              }
            ],
            "tags": {},
            "termination_notification": [],
            "timeouts": null,
            "user_data": "IyEgL2Jpbi9iYXNoDQpzZXRlbmZvcmNlIDANCmdydWJieSAtLXVwZGF0ZS1rZXJuZWwgQUxMIC0tYXJncyBzZWxpbnV4PTANCnN1ZG8gZG5mIGluc3RhbGwgLXkgd2dldCBodHRwZCBwaHAgcGhwLWdkIHBocC1vcGNhY2hlIHBocC1teXNxbG5kDQp3Z2V0IGh0dHBzOi8va28ud29yZHByZXNzLm9yZy93b3JkcHJlc3MtNi44LjMta29fS1IudGFyLmd6DQp0YXIgeHZmeiB3b3JkcHJlc3MtNi44LjMta29fS1IudGFyLmd6DQpjcCAtYXIgd29yZHByZXNzLyogL3Zhci93d3cvaHRtbA0Kc2VkIC1pICdzL0RpcmVjdG9yeUluZGV4IGluZGV4Lmh0bWwvRGlyZWN0b3J5SW5kZXggaW5kZXgucGhwL2cnIC9ldGMvaHR0cGQvY29uZi9odHRwZC5jb25mDQpjcCAvdmFyL3d3dy9odG1sL3dwLWNvbmZpZy1zYW1wbGUucGhwIC92YXIvd3d3L2h0bWwvd3AtY29uZmlnLnBocA0Kc2VkIC1pICdzL2RhdGFiYXNlX25hbWVfaGVyZS93b3JkcHJlc3MvZycgL3Zhci93d3cvaHRtbC93cC1jb25maWcucGhwDQpzZWQgLWkgJ3MvdXNlcm5hbWVfaGVyZS93d3cvZycgL3Zhci93d3cvaHRtbC93cC1jb25maWcucGhwDQpzZWQgLWkgJ3MvcGFzc3dvcmRfaGVyZS9JdDEyMzQ1IS9nJyAvdmFyL3d3dy9odG1sL3dwLWNvbmZpZy5waHANCnNlZCAtaSAncy9sb2NhbGhvc3QvMTAuMC40LjQvZycgL3Zhci93d3cvaHRtbC93cC1jb25maWcucGhwDQplY2hvICRIT1NUTkFNRSA+IC92YXIvd3d3L2h0bWwvaGVhbHRoLmh0bWwNCnN1ZG8gc3lzdGVtY3RsIGVuYWJsZSAtLW5vdyBodHRwZA0KDQoNCnN1ZG8gZmlyZXdhbGwtY21kIC0tem9uZT1wdWJsaWMgLS1hZGQtcG9ydD0yMi90Y3AgLS1wZXJtYW5lbnQNCnN1ZG8gZmlyZXdhbGwtY21kIC0tem9uZT1wdWJsaWMgLS1hZGQtcG9ydD04MC90Y3AgLS1wZXJtYW5lbnQNCnN1ZG8gZmlyZXdhbGwtY21kIC0tcmVsb2FkDQojIyBpZF9lZDI1NTE5DQplY2hvIC1lICItLS0tLUJFR0lOIE9QRU5TU0ggUFJJVkFURSBLRVktLS0tLQ0KYjNCbGJuTnphQzFyWlhrdGRqRUFBQUFBQkc1dmJtVUFBQUFFYm05dVpRQUFBQUFBQUFBQkFBQUFNd0FBQUF0emMyZ3RaVw0KUXlOVFV4T1FBQUFDRDBETStxVjZkZFNvVTlJVnI3WTRYNTFnc2IxUkdya1ljTzNVNExwNkx1REFBQUFKamU4LzYzM3ZQKw0KdHdBQUFBdHpjMmd0WldReU5UVXhPUUFBQUNEMERNK3FWNmRkU29VOUlWcjdZNFg1MWdzYjFSR3JrWWNPM1U0THA2THVEQQ0KQUFBRUFZNEhRWFQ2M1hhUnNxRndrSDNYUVlwZzdaVS9MNHBsNlEwOUxNVFFmYTdmUU16NnBYcDExS2hUMGhXdnRqaGZuVw0KQ3h2VkVhdVJodzdkVGd1bm91NE1BQUFBRUdkbmFtY3pNMEJuYldGcGJDNWpiMjBCQWdNRUJRPT0NCi0tLS0tRU5EIE9QRU5TU0ggUFJJVkFURSBLRVktLS0tLSIgPiAvaG9tZS93d3cvLnNzaC9pZF9lZDI1NTE5DQpjaG93biB3d3c6d3d3IC9ob21lL3d3dy8uc3NoL2lkX2VkMjU1MTkNCmNobW9kIDYwMCAvaG9tZS93d3cvLnNzaC9pZF9lZDI1NTE5DQoNCiMgYXV0aG9yaXplZF9rZXlzIOyEpOyglSAo6rO16rCc7YKkKQ0KY2F0IDw8J0VPRicgPiAvaG9tZS93d3cvLnNzaC9hdXRob3JpemVkX2tleXMNCnNzaC1lZDI1NTE5IEFBQUFDM056YUMxbFpESTFOVEU1QUFBQUlQUU16NnBYcDExS2hUMGhXdnRqaGZuV0N4dlZFYXVSaHc3ZFRndW5vdTRNIA0KRU9GDQpjaG93biB3d3c6d3d3IC9ob21lL3d3dy8uc3NoL2F1dGhvcml6ZWRfa2V5cw0KY2htb2QgNjAwIC9ob21lL3d3dy8uc3NoL2F1dGhvcml6ZWRfa2V5cw0KDQpTRVJWRVJfSE9TVE5BTUU9JChob3N0bmFtZSkNCmNob3duIC1SIGFwYWNoZTphcGFjaGUgL3Zhci93d3cvaHRtbA0KY2htb2QgLVIgNzU1IC92YXIvd3d3L2h0bWwNCg0KY2F0IDw8RU9GID4gL3Zhci93d3cvaHRtbC9pbmRleC5odG1sDQo8IURPQ1RZUEUgaHRtbD4NCjxodG1sIGxhbmc9ImtvIj4NCjxoZWFkPg0KICAgIDxtZXRhIGNoYXJzZXQ9IlVURi04Ij4NCiAgICA8bWV0YSBuYW1lPSJ2aWV3cG9ydCIgY29udGVudD0id2lkdGg9ZGV2aWNlLXdpZHRoLCBpbml0aWFsLXNjYWxlPTEuMCI+DQogICAgPHRpdGxlPlRFQU1fMSDtmYjtjpjsnbTsp4A8L3RpdGxlPg0KICAgIDxzdHlsZT4NCiAgICAgICAgLyog7KCE7LK0IOq4sOuzuCDsiqTtg4DsnbwgKi8NCiAgICAgICAgYm9keSB7DQogICAgICAgICAgICBmb250LWZhbWlseTogQXJpYWwsIHNhbnMtc2VyaWY7DQogICAgICAgICAgICBtYXJnaW46IDA7DQogICAgICAgICAgICBwYWRkaW5nOiAwOw0KICAgICAgICAgICAgbGluZS1oZWlnaHQ6IDEuNjsNCiAgICAgICAgICAgIGNvbG9yOiAjMjIyOw0KICAgICAgICAgICAgLyogKipb67OA6rK965CoXSoqIGJvZHkg67Cw6rK97IOJ7J2EIO2dsOyDieycvOuhnCDqs6DsoJUgKENTU+yXkOyEnCDsp4HsoJEg7ISk7KCVKSAqLw0KICAgICAgICAgICAgYmFja2dyb3VuZC1jb2xvcjogI2ZmZmZmZjsgDQogICAgICAgIH0NCg0KICAgICAgICAvKiDsg4Hri6gg7JiB7JetICovDQogICAgICAgIGhlYWRlciB7DQogICAgICAgICAgICAvKiAqKlvrs4Dqsr3rkKhdKiog6riw67O4IOuwsOqyveyDiSDshKTsoJUgKEpT7JeQ7IScIO2YuOyKpO2KuOuEpOyehOyXkCDrlLDrnbwg67OA6rK965CgIOyYiOyglSkgKi8NCiAgICAgICAgICAgIGJhY2tncm91bmQtY29sb3I6ICMwMDA7IA0KICAgICAgICAgICAgY29sb3I6ICNmZmY7DQogICAgICAgICAgICBwYWRkaW5nOiAyNXB4IDIwcHg7DQogICAgICAgICAgICB0ZXh0LWFsaWduOiBjZW50ZXI7DQogICAgICAgICAgICBmb250LXNpemU6IDJlbTsNCiAgICAgICAgICAgIGZvbnQtd2VpZ2h0OiBib2xkOw0KICAgICAgICAgICAgcG9zaXRpb246IHJlbGF0aXZlOw0KICAgICAgICB9DQoNCiAgICAgICAgLyog7Jik66W47Kq9IOychCDtmLjsiqTtirjrhKTsnoQg7ZGc7IucICovDQogICAgICAgICNob3N0bmFtZS1kaXNwbGF5IHsNCiAgICAgICAgICAgIHBvc2l0aW9uOiBhYnNvbHV0ZTsNCiAgICAgICAgICAgIHRvcDogMTBweDsNCiAgICAgICAgICAgIHJpZ2h0OiAyMHB4Ow0KICAgICAgICAgICAgZm9udC1zaXplOiAwLjllbTsNCiAgICAgICAgICAgIGNvbG9yOiAjZmZmOw0KICAgICAgICAgICAgYmFja2dyb3VuZC1jb2xvcjogcmdiYSgwLDAsMCwwLjMpOw0KICAgICAgICAgICAgcGFkZGluZzogNHB4IDhweDsNCiAgICAgICAgICAgIGJvcmRlci1yYWRpdXM6IDVweDsNCiAgICAgICAgfQ0KDQogICAgICAgIC8qIOyEueyFmCDqs7XthrUg7Iqk7YOA7J28ICovDQogICAgICAgIHNlY3Rpb24gew0KICAgICAgICAgICAgcGFkZGluZzogNjBweCAyMHB4Ow0KICAgICAgICAgICAgbWF4LXdpZHRoOiAxMDAwcHg7DQogICAgICAgICAgICBtYXJnaW46IGF1dG87DQogICAgICAgICAgICBjb2xvcjogIzIyMjsNCiAgICAgICAgICAgIC8qICoqW+ywuOqzoF0qKiDshLnshZgg7J6Q7LK064qUIO2dsOyDiSDrsLDqsr3snYQg7Jyg7KeAICovDQogICAgICAgICAgICBiYWNrZ3JvdW5kLWNvbG9yOiAjZmZmZmZmOyANCiAgICAgICAgfQ0KDQogICAgICAgIHNlY3Rpb24gaDIgew0KICAgICAgICAgICAgYm9yZGVyLWJvdHRvbTogM3B4IHNvbGlkICM1NTU7DQogICAgICAgICAgICBwYWRkaW5nLWJvdHRvbTogMTBweDsNCiAgICAgICAgICAgIG1hcmdpbi1ib3R0b206IDI1cHg7DQogICAgICAgICAgICBmb250LXNpemU6IDEuOGVtOw0KICAgICAgICB9DQoNCiAgICAgICAgLyog7IKs7J207Yq4IOyXsOqysCDrp4Htgawg7Iqk7YOA7J28ICovDQogICAgICAgIC5saW5rcyBhIHsNCiAgICAgICAgICAgIGRpc3BsYXk6IGlubGluZS1ibG9jazsNCiAgICAgICAgICAgIG1hcmdpbi1yaWdodDogMTVweDsNCiAgICAgICAgICAgIG1hcmdpbi1ib3R0b206IDEwcHg7DQogICAgICAgICAgICBwYWRkaW5nOiA4cHggMTVweDsNCiAgICAgICAgICAgIGJhY2tncm91bmQtY29sb3I6ICM0NDQ7DQogICAgICAgICAgICBjb2xvcjogI2ZmZjsNCiAgICAgICAgICAgIHRleHQtZGVjb3JhdGlvbjogbm9uZTsNCiAgICAgICAgICAgIGJvcmRlci1yYWRpdXM6IDVweDsNCiAgICAgICAgICAgIGZvbnQtd2VpZ2h0OiA1MDA7DQogICAgICAgICAgICB0cmFuc2l0aW9uOiAwLjNzOw0KICAgICAgICB9DQoNCiAgICAgICAgLmxpbmtzIGE6aG92ZXIgew0KICAgICAgICAgICAgYmFja2dyb3VuZC1jb2xvcjogIzIyMjsNCiAgICAgICAgfQ0KDQogICAgICAgIC8qIOyekOujjCDrpqzsiqTtirggKi8NCiAgICAgICAgLnJlc291cmNlcyB1bCB7DQogICAgICAgICAgICBsaXN0LXN0eWxlLXR5cGU6IHNxdWFyZTsNCiAgICAgICAgICAgIHBhZGRpbmctbGVmdDogMjBweDsNCiAgICAgICAgfQ0KDQogICAgICAgIC5yZXNvdXJjZXMgdWwgbGkgYSB7DQogICAgICAgICAgICBjb2xvcjogIzAwMDsNCiAgICAgICAgICAgIHRleHQtZGVjb3JhdGlvbjogbm9uZTsNCiAgICAgICAgICAgIHRyYW5zaXRpb246IDAuM3M7DQogICAgICAgIH0NCg0KICAgICAgICAucmVzb3VyY2VzIHVsIGxpIGE6aG92ZXIgew0KICAgICAgICAgICAgdGV4dC1kZWNvcmF0aW9uOiB1bmRlcmxpbmU7DQogICAgICAgICAgICBjb2xvcjogIzU1NTsNCiAgICAgICAgfQ0KDQogICAgICAgIC8qIOuwmOydke2YlSAqLw0KICAgICAgICBAbWVkaWEgKG1heC13aWR0aDogNjAwcHgpIHsNCiAgICAgICAgICAgIGhlYWRlciB7IGZvbnQtc2l6ZTogMS41ZW07IHBhZGRpbmc6IDIwcHggMTBweDsgfQ0KICAgICAgICAgICAgc2VjdGlvbiB7IHBhZGRpbmc6IDQwcHggMTVweDsgfQ0KICAgICAgICAgICAgLmxpbmtzIGEgeyBwYWRkaW5nOiA2cHggMTBweDsgbWFyZ2luLXJpZ2h0OiAxMHB4OyB9DQogICAgICAgICAgICAjaG9zdG5hbWUtZGlzcGxheSB7IGZvbnQtc2l6ZTogMC44ZW07IHRvcDogOHB4OyByaWdodDogMTBweDsgfQ0KICAgICAgICB9DQogICAgPC9zdHlsZT4NCjwvaGVhZD4NCjxib2R5Pg0KDQogICAgPGhlYWRlcj4NCiAgICAgICAgVEVBTV8xIEhPTUVQQUdFDQogICAgICAgIDxkaXYgaWQ9Imhvc3RuYW1lLWRpc3BsYXkiPjwvZGl2Pg0KICAgIDwvaGVhZGVyPg0KDQogICAgPHNlY3Rpb24gaWQ9ImhvbWUiPg0KICAgICAgICA8aDI+7ZmIPC9oMj4NCiAgICAgICAgPHA+7ZmY7JiB7ZWp64uI64ukISBURUFNXzEg7ZmI7Y6Y7J207KeA7JeQIOyYpOyLoCDqsoPsnYQg7ZmY7JiB7ZWp64uI64ukLjwvcD4NCiAgICA8L3NlY3Rpb24+DQoNCiAgICA8c2VjdGlvbiBpZD0ibGlua3MiPg0KICAgICAgICA8aDI+7IKs7J207Yq4IOyXsOqysDwvaDI+DQogICAgICAgIDxkaXYgY2xhc3M9ImxpbmtzIj4NCiAgICAgICAgICAgIDxhIGhyZWY9Imh0dHBzOi8vZ2l0aHViLmNvbS9nZ2pnMzMwMjA0L3RlYW1fd3d3IiB0YXJnZXQ9Il9ibGFuayIgdGl0bGU9IkdpdEh1YiDsoIDsnqXshowg7Je06riwIj5HaXRIdWI8L2E+DQogICAgICAgICAgICA8YSBocmVmPSJodHRwczovL2RvY3MuZ29vZ2xlLmNvbS9kb2N1bWVudC9kLzF5VE5tSVVMZUNzRGt6LV9IMUJJOUJXM3NaYl9qSEQyYmh1S0dhNzdzUVhFL2VkaXQ/dXNwPXNoYXJpbmciIHRhcmdldD0iX2JsYW5rIiB0aXRsZT0iR29vZ2xlIERvY3Mg7Je06riwIj5Hb29nbGUgRG9jczwvYT4NCiAgICAgICAgICAgIDxhIGhyZWY9Imh0dHBzOi8vZG9jcy5nb29nbGUuY29tL3ByZXNlbnRhdGlvbi9kLzFQT00yZmVPUjZ0YjZvbGxCQWZZTUl2Z2tIQXR3ZWQ5aUFPcWx6cUlIY3dzL2VkaXQ/dXNwPXNoYXJpbmciIHRhcmdldD0iX2JsYW5rIiB0aXRsZT0iR29vZ2xlIFNsaWRlIOyXtOq4sCI+R29vZ2xlIFNsaWRlPC9hPg0KICAgICAgICA8L2Rpdj4NCiAgICA8L3NlY3Rpb24+DQoNCiAgICA8c2VjdGlvbiBpZD0icmVzb3VyY2VzIj4NCiAgICAgICAgPGgyPu2PrO2KuO2PtOumrOyYpDwvaDI+DQogICAgICAgIDxkaXYgY2xhc3M9InJlc291cmNlcyI+DQogICAgICAgICAgICA8dWw+DQogICAgICAgICAgICAgICAgPGxpPjxhIGhyZWY9IiMiIHRpdGxlPSLsnbTquLDtm4gg7J6Q66OMIOuLpOyatOuhnOuTnCI+7J206riw7ZuIPC9hPjwvbGk+DQogICAgICAgICAgICAgICAgPGxpPjxhIGhyZWY9IiMiIHRpdGxlPSLsnpDro4wgMiDri6TsmrTroZzrk5wiPuyekOujjCAyPC9hPjwvbGk+DQogICAgICAgICAgICAgICAgPGxpPjxhIGhyZWY9IiMiIHRpdGxlPSLsnpDro4wgMyDri6TsmrTroZzrk5wiPuyekOujjCAzPC9hPjwvbGk+DQogICAgICAgICAgICA8L3VsPg0KICAgICAgICA8L2Rpdj4NCiAgICA8L3NlY3Rpb24+DQoNCiAgICA8c2NyaXB0Pg0KICAgICAgICAvLyA9PT09PT09PT09PT09PT09PT09PT09PT09PT09PT09PT09PT09PT09PT09PT0NCiAgICAgICAgLy8gMS4g7YWM7Iqk7Yq47JqpIO2YuOyKpO2KuOuEpOyehCAoUEMgMeuMgOyXkOyEnCDthYzsiqTtirjtlaAg65WMKQ0KICAgICAgICAvL2NvbnN0IFRFU1RfSE9TVE5BTUUgPSAid3d3LXdlYiI7wqANCiAgICAgICAgLy9jb25zdCBURVNUX0hPU1ROQU1FID0gInd3dy12bXNzMDAwMDAxIjvCoA0KICAgICAgICAvL2NvbnN0IFRFU1RfSE9TVE5BTUUgPSAid3d3LXZtc3MwMDAwMDMiO8KgDQogICAgICAgIC8vIFRFU1RfSE9TVE5BTUUg6rCS7J2EIOuwlOq/lOqwgOupsCDsg4nsg4Eg7ZmV7J24IOqwgOuKpSAo7JiIOiAnd3d3LXZtc3MwMDAwMDEnIC0+IOu5qOqwlSkNCiAgICAgICAgLy8gPT09PT09PT09PT09PT09PT09PT09PT09PT09PT09PT09PT09PT09PT09PT09DQoNCiAgICAgICAgLy8gMi4g7Iuk7KCcIO2OmOydtOyngOyXkOyEnOuKlCDshJzrsoTsl5DshJwg7Zi47Iqk7Yq464Sk7J6E7J2EIOyjvOyehQ0KICAgICAgICBjb25zdCBob3N0bmFtZSA9ICcke1NFUlZFUl9IT1NUTkFNRX0nOyAvLyDsi6TsoJwg7ISc67KE7JeQ7IScIOyjvOyehSDsi5wg7KO87ISdIO2VtOygnA0KICAgICAgICAvLyBjb25zdCBob3N0bmFtZSA9IFRFU1RfSE9TVE5BTUU7IC8vIO2FjOyKpO2KuCDsi5wg7KO87ISdIO2VtOygnA0KDQogICAgICAgIC8vIOyVhOuemCDrnbzsnbgg7ZWY64KY66GcIO2FjOyKpO2KuC/si6TsoJwg7Im96rKMIOyghO2ZmCDqsIDriqUNCiAgICAgICAgLy9jb25zdCBob3N0bmFtZSA9IFRFU1RfSE9TVE5BTUU7DQoNCiAgICAgICAgLy8g7Jik66W47Kq9IOychCDtmLjsiqTtirjrhKTsnoQg7ZGc7IucDQogICAgICAgIGRvY3VtZW50LmdldEVsZW1lbnRCeUlkKCJob3N0bmFtZS1kaXNwbGF5IikudGV4dENvbnRlbnQgPSBob3N0bmFtZTsNCg0KICAgICAgICAvLyDrrLTsp4DqsJwg7IOJ7IOBIOuwsOyXtA0KIGNvbnN0IHJhaW5ib3dDb2xvcnMgPSBbDQrCoCDCoCDCoCDCoCAiI0ZGOTk5OSIsIC8vIDA6IOyXsO2VnCDruajqsJUNCsKgIMKgIMKgIMKgIMKgIMKgICIjRkZDOTk5IiwgLy8gMTog7Jew7ZWcIOyjvO2ZqQ0KwqAgwqAgwqAgwqAgwqAgwqAgIiNGRkZGOTkiLCAvLyAyOiDsl7DtlZwg64W4656RDQrCoCDCoCDCoCDCoCDCoCDCoCAiIzk5RkY5OSIsIC8vIDM6IOyXsO2VnCDstIjroZ0NCsKgIMKgIMKgIMKgIMKgIMKgICIjOTk5OUZGIiwgLy8gNDog7Jew7ZWcIO2MjOuekQ0KwqAgwqAgwqAgwqAgwqAgwqAgIiNBMzk5QzgiLCAvLyA1OiDsl7DtlZwg64Ko7IOJDQrCoCDCoCDCoCDCoCDCoCDCoCAiI0M4OTlGRiLCoCAvLyA2OiDsl7DtlZwg67O06528DQrCoCDCoCDCoCDCoCBdOw0KDQrCoCDCoCDCoCDCoCBsZXQgc2VsZWN0ZWRDb2xvciA9ICIjMDAwMDAwIjsgLy8g6riw67O4IOqygOygleyDiQ0KICAgICAgICBsZXQgaW5zdGFuY2VOdW1iZXIgPSBudWxsOyAvLyDsnbjsiqTthLTsiqQg67KI7Zi466W8IOyggOyepe2VoCDrs4DsiJgNCg0KICAgICAgICAvLyAxLiB3d3ctIOygkeuRkOyCrOyXkCDqtIDqs4Tsl4bsnbQgW+ygkeuRkOyCrF0tdm1zc1s27J6Q66asIOyIq+yekF0g7Yyo7YS0IOyymOumrA0KICAgICAgICBpZiAoLy12bXNzXGR7Nn0kLy50ZXN0KGhvc3RuYW1lKSkgew0KICAgICAgICAgICAgLy8g7Zi47Iqk7Yq464Sk7J6EIOuBnSA27J6Q66asIOyIq+yekOulvCDstpTstpwNCiAgICAgICAgICAgIGNvbnN0IG1hdGNoID0gaG9zdG5hbWUubWF0Y2goL1xkezZ9JC8pOw0KICAgICAgICAgICAgaWYgKG1hdGNoKSB7DQogICAgICAgICAgICAgICAgLy8gNuyekOumrCDsiKvsnpDrpbwg7KCV7IiY66GcIOuzgO2ZmCAo7JiIOiAwMDAwMDEgLT4gMSkNCiAgICAgICAgICAgICAgICBpbnN0YW5jZU51bWJlciA9IHBhcnNlSW50KG1hdGNoWzBdLCAxMCk7DQogICAgICAgICAgICB9DQogICAgICAgIH0gDQogICAgICAgIA0KICAgICAgICAvLyAyLiB3d3ctIOygkeuRkOyCrOyXkCDqtIDqs4Tsl4bsnbQgW+ygkeuRkOyCrF0td2ViW+yIq+yekF12bSDtjKjthLQg7LKY66asDQogICAgICAgIGVsc2UgaWYgKC8td2ViXGQrdm0kLy50ZXN0KGhvc3RuYW1lKSkgew0KICAgICAgICAgICAgLy8gd2Vi6rO8IHZtIOyCrOydtOyXkCDsnojripQg7Iir7J6Q66W8IOy2lOy2nA0KICAgICAgICAgICAgY29uc3QgbWF0Y2ggPSBob3N0bmFtZS5tYXRjaCgvd2ViKFxkKyl2bSQvKTsNCiAgICAgICAgICAgIGlmIChtYXRjaCAmJiBtYXRjaFsxXSkgew0KICAgICAgICAgICAgICAgIC8vIOyIq+yekOulvCDsoJXsiJjroZwg67OA7ZmYICjsmIg6IHdlYjF2bSAtPiAxKQ0KICAgICAgICAgICAgICAgIGluc3RhbmNlTnVtYmVyID0gcGFyc2VJbnQobWF0Y2hbMV0sIDEwKTsNCiAgICAgICAgICAgIH0NCiAgICAgICAgfQ0KICAgICAgICANCiAgICAgICAgLy8g7J247Iqk7YS07IqkIOuyiO2YuOqwgCDsnKDtmqjtlaAg6rK97JqwIOyDieyDgSDtlaDri7kNCiAgICAgICAgaWYgKGluc3RhbmNlTnVtYmVyICE9PSBudWxsICYmIGluc3RhbmNlTnVtYmVyID4gMCkgew0KICAgICAgICAgICAgLy8g7Iir7J6Q66W8IOuwsOyXtCDquLjsnbTroZwg64KY64iIIOuCmOuouOyngOuhnCDsnbjrjbHsiqQg6rKw7KCVICjsiJztmZgpDQogICAgICAgICAgICAvLyDsnbjrjbHsiqTripQgMOu2gO2EsCDsi5zsnpHtlZjrr4DroZwsIDHrsogg7J247Iqk7YS07Iqk64qUIDDrsogg7J24642x7Iqk7JeQIOunpO2VkeuQmOuPhOuhnSAtMeydhCDsgqzsmqkNCiAgICAgICAgICAgIGNvbnN0IGNvbG9ySW5kZXggPSAoaW5zdGFuY2VOdW1iZXIgLSAxKSAlIHJhaW5ib3dDb2xvcnMubGVuZ3RoOw0KICAgICAgICAgICAgc2VsZWN0ZWRDb2xvciA9IHJhaW5ib3dDb2xvcnNbY29sb3JJbmRleF07DQogICAgICAgIH0NCg0KwqAgwqAgwqAgwqAgLy8gKipb67OA6rK965CoXSoqIGJvZHnqsIAg7JWE64uMIGhlYWRlciDrsLDqsr3sg4kg7KCB7JqpDQrCoCDCoCDCoCDCoCBkb2N1bWVudC5xdWVyeVNlbGVjdG9yKCdoZWFkZXInKS5zdHlsZS5iYWNrZ3JvdW5kQ29sb3IgPSBzZWxlY3RlZENvbG9yOyAgICA8L3NjcmlwdD4NCg0KPC9ib2R5Pg0KPC9odG1sPg0KRU9G",
            "virtual_machine_id": "f126717b-0927-46cf-8436-a05aeaeae248",
            "virtual_machine_scale_set_id": "",
            "vm_agent_platform_updates_enabled": false,
            "vtpm_enabled": false,
            "zone": ""
          },
          "sensitive_attributes": [
            [
              {
                "type": "get_attr",
                "value": "admin_password"
              }
            ],
            [
              {
                "type": "get_attr",
                "value": "custom_data"
              }
            ]
          ],
          "identity_schema_version": 0,
          "private": "eyJlMmJmYjczMC1lY2FhLTExZTYtOGY4OC0zNDM2M2JjN2M0YzAiOnsiY3JlYXRlIjoyNzAwMDAwMDAwMDAwLCJkZWxldGUiOjI3MDAwMDAwMDAwMDAsInJlYWQiOjMwMDAwMDAwMDAwMCwidXBkYXRlIjoyNzAwMDAwMDAwMDAwfX0=",
          "dependencies": [
            "azurerm_nat_gateway.www_nat",
            "azurerm_network_interface.www_web1_nic",
            "azurerm_resource_group.www_rg",
            "azurerm_subnet.www_web1",
            "azurerm_virtual_network.www_vnet0"
          ]
        }
      ]
    },
    {
      "mode": "managed",
      "type": "azurerm_linux_virtual_machine",
      "name": "www_web2vm",
      "provider": "provider[\"registry.terraform.io/hashicorp/azurerm\"]",
      "instances": [
        {
          "schema_version": 0,
          "attributes": {
            "additional_capabilities": [],
            "admin_password": null,
            "admin_ssh_key": [
              {
                "public_key": "ssh-ed25519 AAAAC3NzaC1lZDI1NTE5AAAAIPQMz6pXp11KhT0hWvtjhfnWCxvVEauRhw7dTgunou4M \r\n",
                "username": "www"
              }
            ],
            "admin_username": "www",
            "allow_extension_operations": true,
            "availability_set_id": "",
            "boot_diagnostics": [
              {
                "storage_account_uri": ""
              }
            ],
            "bypass_platform_safety_checks_on_user_schedule_enabled": false,
            "capacity_reservation_group_id": "",
            "computer_name": "www-web2vm",
            "custom_data": null,
            "dedicated_host_group_id": "",
            "dedicated_host_id": "",
            "disable_password_authentication": true,
            "disk_controller_type": "SCSI",
            "edge_zone": "",
            "encryption_at_host_enabled": false,
            "eviction_policy": "",
            "extensions_time_budget": "PT1H30M",
            "gallery_application": [],
            "id": "/subscriptions/99b79efe-ebd6-468c-b39f-5669acb259e1/resourceGroups/04-T1-www/providers/Microsoft.Compute/virtualMachines/www-web2vm",
            "identity": [
              {
                "identity_ids": [],
                "principal_id": "10da485e-4a5a-4990-870f-9815cbeffbf5",
                "tenant_id": "548e9ef4-b1d5-48fa-b220-59f52d6db511",
                "type": "SystemAssigned"
              }
            ],
            "license_type": "",
            "location": "koreacentral",
            "max_bid_price": -1,
            "name": "www-web2vm",
            "network_interface_ids": [
              "/subscriptions/99b79efe-ebd6-468c-b39f-5669acb259e1/resourceGroups/04-T1-www/providers/Microsoft.Network/networkInterfaces/www-web2-nic"
            ],
            "os_disk": [
              {
                "caching": "ReadWrite",
                "diff_disk_settings": [],
                "disk_encryption_set_id": "",
                "disk_size_gb": 10,
                "id": "/subscriptions/99b79efe-ebd6-468c-b39f-5669acb259e1/resourceGroups/04-T1-www/providers/Microsoft.Compute/disks/www-web2vm_disk1_2428a311b150473f8537fb55289eeccc",
                "name": "www-web2vm_disk1_2428a311b150473f8537fb55289eeccc",
                "secure_vm_disk_encryption_set_id": "",
                "security_encryption_type": "",
                "storage_account_type": "Standard_LRS",
                "write_accelerator_enabled": false
              }
            ],
            "os_image_notification": [],
            "os_managed_disk_id": "/subscriptions/99b79efe-ebd6-468c-b39f-5669acb259e1/resourceGroups/04-T1-www/providers/Microsoft.Compute/disks/www-web2vm_disk1_2428a311b150473f8537fb55289eeccc",
            "patch_assessment_mode": "ImageDefault",
            "patch_mode": "ImageDefault",
            "plan": [
              {
                "name": "9-lvm",
                "product": "rockylinux-x86_64",
                "publisher": "resf"
              }
            ],
            "platform_fault_domain": -1,
            "priority": "Regular",
            "private_ip_address": "10.0.3.4",
            "private_ip_addresses": [
              "10.0.3.4"
            ],
            "provision_vm_agent": true,
            "proximity_placement_group_id": "",
            "public_ip_address": "",
            "public_ip_addresses": [],
            "reboot_setting": "",
            "resource_group_name": "04-T1-www",
            "secret": [],
            "secure_boot_enabled": false,
            "size": "Standard_B4as_v2",
            "source_image_id": "",
            "source_image_reference": [
              {
                "offer": "rockylinux-x86_64",
                "publisher": "resf",
                "sku": "9-lvm",
                "version": "9.3.20231113"
              }
            ],
            "tags": {},
            "termination_notification": [],
            "timeouts": null,
            "user_data": "IyEgL2Jpbi9iYXNoDQpzZXRlbmZvcmNlIDANCmdydWJieSAtLXVwZGF0ZS1rZXJuZWwgQUxMIC0tYXJncyBzZWxpbnV4PTANCnN1ZG8gZG5mIGluc3RhbGwgLXkgd2dldCBodHRwZCBwaHAgcGhwLWdkIHBocC1vcGNhY2hlIHBocC1teXNxbG5kDQp3Z2V0IGh0dHBzOi8va28ud29yZHByZXNzLm9yZy93b3JkcHJlc3MtNi44LjMta29fS1IudGFyLmd6DQp0YXIgeHZmeiB3b3JkcHJlc3MtNi44LjMta29fS1IudGFyLmd6DQpjcCAtYXIgd29yZHByZXNzLyogL3Zhci93d3cvaHRtbA0Kc2VkIC1pICdzL0RpcmVjdG9yeUluZGV4IGluZGV4Lmh0bWwvRGlyZWN0b3J5SW5kZXggaW5kZXgucGhwL2cnIC9ldGMvaHR0cGQvY29uZi9odHRwZC5jb25mDQpjcCAvdmFyL3d3dy9odG1sL3dwLWNvbmZpZy1zYW1wbGUucGhwIC92YXIvd3d3L2h0bWwvd3AtY29uZmlnLnBocA0Kc2VkIC1pICdzL2RhdGFiYXNlX25hbWVfaGVyZS93b3JkcHJlc3MvZycgL3Zhci93d3cvaHRtbC93cC1jb25maWcucGhwDQpzZWQgLWkgJ3MvdXNlcm5hbWVfaGVyZS93d3cvZycgL3Zhci93d3cvaHRtbC93cC1jb25maWcucGhwDQpzZWQgLWkgJ3MvcGFzc3dvcmRfaGVyZS9JdDEyMzQ1IS9nJyAvdmFyL3d3dy9odG1sL3dwLWNvbmZpZy5waHANCnNlZCAtaSAncy9sb2NhbGhvc3QvMTAuMC40LjQvZycgL3Zhci93d3cvaHRtbC93cC1jb25maWcucGhwDQplY2hvICRIT1NUTkFNRSA+IC92YXIvd3d3L2h0bWwvaGVhbHRoLmh0bWwNCnN1ZG8gc3lzdGVtY3RsIGVuYWJsZSAtLW5vdyBodHRwZA0KDQoNCnN1ZG8gZmlyZXdhbGwtY21kIC0tem9uZT1wdWJsaWMgLS1hZGQtcG9ydD0yMi90Y3AgLS1wZXJtYW5lbnQNCnN1ZG8gZmlyZXdhbGwtY21kIC0tem9uZT1wdWJsaWMgLS1hZGQtcG9ydD04MC90Y3AgLS1wZXJtYW5lbnQNCnN1ZG8gZmlyZXdhbGwtY21kIC0tcmVsb2FkDQojIyBpZF9lZDI1NTE5DQplY2hvIC1lICItLS0tLUJFR0lOIE9QRU5TU0ggUFJJVkFURSBLRVktLS0tLQ0KYjNCbGJuTnphQzFyWlhrdGRqRUFBQUFBQkc1dmJtVUFBQUFFYm05dVpRQUFBQUFBQUFBQkFBQUFNd0FBQUF0emMyZ3RaVw0KUXlOVFV4T1FBQUFDRDBETStxVjZkZFNvVTlJVnI3WTRYNTFnc2IxUkdya1ljTzNVNExwNkx1REFBQUFKamU4LzYzM3ZQKw0KdHdBQUFBdHpjMmd0WldReU5UVXhPUUFBQUNEMERNK3FWNmRkU29VOUlWcjdZNFg1MWdzYjFSR3JrWWNPM1U0THA2THVEQQ0KQUFBRUFZNEhRWFQ2M1hhUnNxRndrSDNYUVlwZzdaVS9MNHBsNlEwOUxNVFFmYTdmUU16NnBYcDExS2hUMGhXdnRqaGZuVw0KQ3h2VkVhdVJodzdkVGd1bm91NE1BQUFBRUdkbmFtY3pNMEJuYldGcGJDNWpiMjBCQWdNRUJRPT0NCi0tLS0tRU5EIE9QRU5TU0ggUFJJVkFURSBLRVktLS0tLSIgPiAvaG9tZS93d3cvLnNzaC9pZF9lZDI1NTE5DQpjaG93biB3d3c6d3d3IC9ob21lL3d3dy8uc3NoL2lkX2VkMjU1MTkNCmNobW9kIDYwMCAvaG9tZS93d3cvLnNzaC9pZF9lZDI1NTE5DQoNCiMgYXV0aG9yaXplZF9rZXlzIOyEpOyglSAo6rO16rCc7YKkKQ0KY2F0IDw8J0VPRicgPiAvaG9tZS93d3cvLnNzaC9hdXRob3JpemVkX2tleXMNCnNzaC1lZDI1NTE5IEFBQUFDM056YUMxbFpESTFOVEU1QUFBQUlQUU16NnBYcDExS2hUMGhXdnRqaGZuV0N4dlZFYXVSaHc3ZFRndW5vdTRNIA0KRU9GDQpjaG93biB3d3c6d3d3IC9ob21lL3d3dy8uc3NoL2F1dGhvcml6ZWRfa2V5cw0KY2htb2QgNjAwIC9ob21lL3d3dy8uc3NoL2F1dGhvcml6ZWRfa2V5cw0KDQpTRVJWRVJfSE9TVE5BTUU9JChob3N0bmFtZSkNCmNob3duIC1SIGFwYWNoZTphcGFjaGUgL3Zhci93d3cvaHRtbA0KY2htb2QgLVIgNzU1IC92YXIvd3d3L2h0bWwNCg0KY2F0IDw8RU9GID4gL3Zhci93d3cvaHRtbC9pbmRleC5odG1sDQo8IURPQ1RZUEUgaHRtbD4NCjxodG1sIGxhbmc9ImtvIj4NCjxoZWFkPg0KICAgIDxtZXRhIGNoYXJzZXQ9IlVURi04Ij4NCiAgICA8bWV0YSBuYW1lPSJ2aWV3cG9ydCIgY29udGVudD0id2lkdGg9ZGV2aWNlLXdpZHRoLCBpbml0aWFsLXNjYWxlPTEuMCI+DQogICAgPHRpdGxlPlRFQU1fMSDtmYjtjpjsnbTsp4A8L3RpdGxlPg0KICAgIDxzdHlsZT4NCiAgICAgICAgLyog7KCE7LK0IOq4sOuzuCDsiqTtg4DsnbwgKi8NCiAgICAgICAgYm9keSB7DQogICAgICAgICAgICBmb250LWZhbWlseTogQXJpYWwsIHNhbnMtc2VyaWY7DQogICAgICAgICAgICBtYXJnaW46IDA7DQogICAgICAgICAgICBwYWRkaW5nOiAwOw0KICAgICAgICAgICAgbGluZS1oZWlnaHQ6IDEuNjsNCiAgICAgICAgICAgIGNvbG9yOiAjMjIyOw0KICAgICAgICAgICAgLyogKipb67OA6rK965CoXSoqIGJvZHkg67Cw6rK97IOJ7J2EIO2dsOyDieycvOuhnCDqs6DsoJUgKENTU+yXkOyEnCDsp4HsoJEg7ISk7KCVKSAqLw0KICAgICAgICAgICAgYmFja2dyb3VuZC1jb2xvcjogI2ZmZmZmZjsgDQogICAgICAgIH0NCg0KICAgICAgICAvKiDsg4Hri6gg7JiB7JetICovDQogICAgICAgIGhlYWRlciB7DQogICAgICAgICAgICAvKiAqKlvrs4Dqsr3rkKhdKiog6riw67O4IOuwsOqyveyDiSDshKTsoJUgKEpT7JeQ7IScIO2YuOyKpO2KuOuEpOyehOyXkCDrlLDrnbwg67OA6rK965CgIOyYiOyglSkgKi8NCiAgICAgICAgICAgIGJhY2tncm91bmQtY29sb3I6ICMwMDA7IA0KICAgICAgICAgICAgY29sb3I6ICNmZmY7DQogICAgICAgICAgICBwYWRkaW5nOiAyNXB4IDIwcHg7DQogICAgICAgICAgICB0ZXh0LWFsaWduOiBjZW50ZXI7DQogICAgICAgICAgICBmb250LXNpemU6IDJlbTsNCiAgICAgICAgICAgIGZvbnQtd2VpZ2h0OiBib2xkOw0KICAgICAgICAgICAgcG9zaXRpb246IHJlbGF0aXZlOw0KICAgICAgICB9DQoNCiAgICAgICAgLyog7Jik66W47Kq9IOychCDtmLjsiqTtirjrhKTsnoQg7ZGc7IucICovDQogICAgICAgICNob3N0bmFtZS1kaXNwbGF5IHsNCiAgICAgICAgICAgIHBvc2l0aW9uOiBhYnNvbHV0ZTsNCiAgICAgICAgICAgIHRvcDogMTBweDsNCiAgICAgICAgICAgIHJpZ2h0OiAyMHB4Ow0KICAgICAgICAgICAgZm9udC1zaXplOiAwLjllbTsNCiAgICAgICAgICAgIGNvbG9yOiAjZmZmOw0KICAgICAgICAgICAgYmFja2dyb3VuZC1jb2xvcjogcmdiYSgwLDAsMCwwLjMpOw0KICAgICAgICAgICAgcGFkZGluZzogNHB4IDhweDsNCiAgICAgICAgICAgIGJvcmRlci1yYWRpdXM6IDVweDsNCiAgICAgICAgfQ0KDQogICAgICAgIC8qIOyEueyFmCDqs7XthrUg7Iqk7YOA7J28ICovDQogICAgICAgIHNlY3Rpb24gew0KICAgICAgICAgICAgcGFkZGluZzogNjBweCAyMHB4Ow0KICAgICAgICAgICAgbWF4LXdpZHRoOiAxMDAwcHg7DQogICAgICAgICAgICBtYXJnaW46IGF1dG87DQogICAgICAgICAgICBjb2xvcjogIzIyMjsNCiAgICAgICAgICAgIC8qICoqW+ywuOqzoF0qKiDshLnshZgg7J6Q7LK064qUIO2dsOyDiSDrsLDqsr3snYQg7Jyg7KeAICovDQogICAgICAgICAgICBiYWNrZ3JvdW5kLWNvbG9yOiAjZmZmZmZmOyANCiAgICAgICAgfQ0KDQogICAgICAgIHNlY3Rpb24gaDIgew0KICAgICAgICAgICAgYm9yZGVyLWJvdHRvbTogM3B4IHNvbGlkICM1NTU7DQogICAgICAgICAgICBwYWRkaW5nLWJvdHRvbTogMTBweDsNCiAgICAgICAgICAgIG1hcmdpbi1ib3R0b206IDI1cHg7DQogICAgICAgICAgICBmb250LXNpemU6IDEuOGVtOw0KICAgICAgICB9DQoNCiAgICAgICAgLyog7IKs7J207Yq4IOyXsOqysCDrp4Htgawg7Iqk7YOA7J28ICovDQogICAgICAgIC5saW5rcyBhIHsNCiAgICAgICAgICAgIGRpc3BsYXk6IGlubGluZS1ibG9jazsNCiAgICAgICAgICAgIG1hcmdpbi1yaWdodDogMTVweDsNCiAgICAgICAgICAgIG1hcmdpbi1ib3R0b206IDEwcHg7DQogICAgICAgICAgICBwYWRkaW5nOiA4cHggMTVweDsNCiAgICAgICAgICAgIGJhY2tncm91bmQtY29sb3I6ICM0NDQ7DQogICAgICAgICAgICBjb2xvcjogI2ZmZjsNCiAgICAgICAgICAgIHRleHQtZGVjb3JhdGlvbjogbm9uZTsNCiAgICAgICAgICAgIGJvcmRlci1yYWRpdXM6IDVweDsNCiAgICAgICAgICAgIGZvbnQtd2VpZ2h0OiA1MDA7DQogICAgICAgICAgICB0cmFuc2l0aW9uOiAwLjNzOw0KICAgICAgICB9DQoNCiAgICAgICAgLmxpbmtzIGE6aG92ZXIgew0KICAgICAgICAgICAgYmFja2dyb3VuZC1jb2xvcjogIzIyMjsNCiAgICAgICAgfQ0KDQogICAgICAgIC8qIOyekOujjCDrpqzsiqTtirggKi8NCiAgICAgICAgLnJlc291cmNlcyB1bCB7DQogICAgICAgICAgICBsaXN0LXN0eWxlLXR5cGU6IHNxdWFyZTsNCiAgICAgICAgICAgIHBhZGRpbmctbGVmdDogMjBweDsNCiAgICAgICAgfQ0KDQogICAgICAgIC5yZXNvdXJjZXMgdWwgbGkgYSB7DQogICAgICAgICAgICBjb2xvcjogIzAwMDsNCiAgICAgICAgICAgIHRleHQtZGVjb3JhdGlvbjogbm9uZTsNCiAgICAgICAgICAgIHRyYW5zaXRpb246IDAuM3M7DQogICAgICAgIH0NCg0KICAgICAgICAucmVzb3VyY2VzIHVsIGxpIGE6aG92ZXIgew0KICAgICAgICAgICAgdGV4dC1kZWNvcmF0aW9uOiB1bmRlcmxpbmU7DQogICAgICAgICAgICBjb2xvcjogIzU1NTsNCiAgICAgICAgfQ0KDQogICAgICAgIC8qIOuwmOydke2YlSAqLw0KICAgICAgICBAbWVkaWEgKG1heC13aWR0aDogNjAwcHgpIHsNCiAgICAgICAgICAgIGhlYWRlciB7IGZvbnQtc2l6ZTogMS41ZW07IHBhZGRpbmc6IDIwcHggMTBweDsgfQ0KICAgICAgICAgICAgc2VjdGlvbiB7IHBhZGRpbmc6IDQwcHggMTVweDsgfQ0KICAgICAgICAgICAgLmxpbmtzIGEgeyBwYWRkaW5nOiA2cHggMTBweDsgbWFyZ2luLXJpZ2h0OiAxMHB4OyB9DQogICAgICAgICAgICAjaG9zdG5hbWUtZGlzcGxheSB7IGZvbnQtc2l6ZTogMC44ZW07IHRvcDogOHB4OyByaWdodDogMTBweDsgfQ0KICAgICAgICB9DQogICAgPC9zdHlsZT4NCjwvaGVhZD4NCjxib2R5Pg0KDQogICAgPGhlYWRlcj4NCiAgICAgICAgVEVBTV8xIEhPTUVQQUdFDQogICAgICAgIDxkaXYgaWQ9Imhvc3RuYW1lLWRpc3BsYXkiPjwvZGl2Pg0KICAgIDwvaGVhZGVyPg0KDQogICAgPHNlY3Rpb24gaWQ9ImhvbWUiPg0KICAgICAgICA8aDI+7ZmIPC9oMj4NCiAgICAgICAgPHA+7ZmY7JiB7ZWp64uI64ukISBURUFNXzEg7ZmI7Y6Y7J207KeA7JeQIOyYpOyLoCDqsoPsnYQg7ZmY7JiB7ZWp64uI64ukLjwvcD4NCiAgICA8L3NlY3Rpb24+DQoNCiAgICA8c2VjdGlvbiBpZD0ibGlua3MiPg0KICAgICAgICA8aDI+7IKs7J207Yq4IOyXsOqysDwvaDI+DQogICAgICAgIDxkaXYgY2xhc3M9ImxpbmtzIj4NCiAgICAgICAgICAgIDxhIGhyZWY9Imh0dHBzOi8vZ2l0aHViLmNvbS9nZ2pnMzMwMjA0L3RlYW1fd3d3IiB0YXJnZXQ9Il9ibGFuayIgdGl0bGU9IkdpdEh1YiDsoIDsnqXshowg7Je06riwIj5HaXRIdWI8L2E+DQogICAgICAgICAgICA8YSBocmVmPSJodHRwczovL2RvY3MuZ29vZ2xlLmNvbS9kb2N1bWVudC9kLzF5VE5tSVVMZUNzRGt6LV9IMUJJOUJXM3NaYl9qSEQyYmh1S0dhNzdzUVhFL2VkaXQ/dXNwPXNoYXJpbmciIHRhcmdldD0iX2JsYW5rIiB0aXRsZT0iR29vZ2xlIERvY3Mg7Je06riwIj5Hb29nbGUgRG9jczwvYT4NCiAgICAgICAgICAgIDxhIGhyZWY9Imh0dHBzOi8vZG9jcy5nb29nbGUuY29tL3ByZXNlbnRhdGlvbi9kLzFQT00yZmVPUjZ0YjZvbGxCQWZZTUl2Z2tIQXR3ZWQ5aUFPcWx6cUlIY3dzL2VkaXQ/dXNwPXNoYXJpbmciIHRhcmdldD0iX2JsYW5rIiB0aXRsZT0iR29vZ2xlIFNsaWRlIOyXtOq4sCI+R29vZ2xlIFNsaWRlPC9hPg0KICAgICAgICA8L2Rpdj4NCiAgICA8L3NlY3Rpb24+DQoNCiAgICA8c2VjdGlvbiBpZD0icmVzb3VyY2VzIj4NCiAgICAgICAgPGgyPu2PrO2KuO2PtOumrOyYpDwvaDI+DQogICAgICAgIDxkaXYgY2xhc3M9InJlc291cmNlcyI+DQogICAgICAgICAgICA8dWw+DQogICAgICAgICAgICAgICAgPGxpPjxhIGhyZWY9IiMiIHRpdGxlPSLsnbTquLDtm4gg7J6Q66OMIOuLpOyatOuhnOuTnCI+7J206riw7ZuIPC9hPjwvbGk+DQogICAgICAgICAgICAgICAgPGxpPjxhIGhyZWY9IiMiIHRpdGxlPSLsnpDro4wgMiDri6TsmrTroZzrk5wiPuyekOujjCAyPC9hPjwvbGk+DQogICAgICAgICAgICAgICAgPGxpPjxhIGhyZWY9IiMiIHRpdGxlPSLsnpDro4wgMyDri6TsmrTroZzrk5wiPuyekOujjCAzPC9hPjwvbGk+DQogICAgICAgICAgICA8L3VsPg0KICAgICAgICA8L2Rpdj4NCiAgICA8L3NlY3Rpb24+DQoNCiAgICA8c2NyaXB0Pg0KICAgICAgICAvLyA9PT09PT09PT09PT09PT09PT09PT09PT09PT09PT09PT09PT09PT09PT09PT0NCiAgICAgICAgLy8gMS4g7YWM7Iqk7Yq47JqpIO2YuOyKpO2KuOuEpOyehCAoUEMgMeuMgOyXkOyEnCDthYzsiqTtirjtlaAg65WMKQ0KICAgICAgICAvL2NvbnN0IFRFU1RfSE9TVE5BTUUgPSAid3d3LXdlYiI7wqANCiAgICAgICAgLy9jb25zdCBURVNUX0hPU1ROQU1FID0gInd3dy12bXNzMDAwMDAxIjvCoA0KICAgICAgICAvL2NvbnN0IFRFU1RfSE9TVE5BTUUgPSAid3d3LXZtc3MwMDAwMDMiO8KgDQogICAgICAgIC8vIFRFU1RfSE9TVE5BTUUg6rCS7J2EIOuwlOq/lOqwgOupsCDsg4nsg4Eg7ZmV7J24IOqwgOuKpSAo7JiIOiAnd3d3LXZtc3MwMDAwMDEnIC0+IOu5qOqwlSkNCiAgICAgICAgLy8gPT09PT09PT09PT09PT09PT09PT09PT09PT09PT09PT09PT09PT09PT09PT09DQoNCiAgICAgICAgLy8gMi4g7Iuk7KCcIO2OmOydtOyngOyXkOyEnOuKlCDshJzrsoTsl5DshJwg7Zi47Iqk7Yq464Sk7J6E7J2EIOyjvOyehQ0KICAgICAgICBjb25zdCBob3N0bmFtZSA9ICcke1NFUlZFUl9IT1NUTkFNRX0nOyAvLyDsi6TsoJwg7ISc67KE7JeQ7IScIOyjvOyehSDsi5wg7KO87ISdIO2VtOygnA0KICAgICAgICAvLyBjb25zdCBob3N0bmFtZSA9IFRFU1RfSE9TVE5BTUU7IC8vIO2FjOyKpO2KuCDsi5wg7KO87ISdIO2VtOygnA0KDQogICAgICAgIC8vIOyVhOuemCDrnbzsnbgg7ZWY64KY66GcIO2FjOyKpO2KuC/si6TsoJwg7Im96rKMIOyghO2ZmCDqsIDriqUNCiAgICAgICAgLy9jb25zdCBob3N0bmFtZSA9IFRFU1RfSE9TVE5BTUU7DQoNCiAgICAgICAgLy8g7Jik66W47Kq9IOychCDtmLjsiqTtirjrhKTsnoQg7ZGc7IucDQogICAgICAgIGRvY3VtZW50LmdldEVsZW1lbnRCeUlkKCJob3N0bmFtZS1kaXNwbGF5IikudGV4dENvbnRlbnQgPSBob3N0bmFtZTsNCg0KICAgICAgICAvLyDrrLTsp4DqsJwg7IOJ7IOBIOuwsOyXtA0KIGNvbnN0IHJhaW5ib3dDb2xvcnMgPSBbDQrCoCDCoCDCoCDCoCAiI0ZGOTk5OSIsIC8vIDA6IOyXsO2VnCDruajqsJUNCsKgIMKgIMKgIMKgIMKgIMKgICIjRkZDOTk5IiwgLy8gMTog7Jew7ZWcIOyjvO2ZqQ0KwqAgwqAgwqAgwqAgwqAgwqAgIiNGRkZGOTkiLCAvLyAyOiDsl7DtlZwg64W4656RDQrCoCDCoCDCoCDCoCDCoCDCoCAiIzk5RkY5OSIsIC8vIDM6IOyXsO2VnCDstIjroZ0NCsKgIMKgIMKgIMKgIMKgIMKgICIjOTk5OUZGIiwgLy8gNDog7Jew7ZWcIO2MjOuekQ0KwqAgwqAgwqAgwqAgwqAgwqAgIiNBMzk5QzgiLCAvLyA1OiDsl7DtlZwg64Ko7IOJDQrCoCDCoCDCoCDCoCDCoCDCoCAiI0M4OTlGRiLCoCAvLyA2OiDsl7DtlZwg67O06528DQrCoCDCoCDCoCDCoCBdOw0KDQrCoCDCoCDCoCDCoCBsZXQgc2VsZWN0ZWRDb2xvciA9ICIjMDAwMDAwIjsgLy8g6riw67O4IOqygOygleyDiQ0KICAgICAgICBsZXQgaW5zdGFuY2VOdW1iZXIgPSBudWxsOyAvLyDsnbjsiqTthLTsiqQg67KI7Zi466W8IOyggOyepe2VoCDrs4DsiJgNCg0KICAgICAgICAvLyAxLiB3d3ctIOygkeuRkOyCrOyXkCDqtIDqs4Tsl4bsnbQgW+ygkeuRkOyCrF0tdm1zc1s27J6Q66asIOyIq+yekF0g7Yyo7YS0IOyymOumrA0KICAgICAgICBpZiAoLy12bXNzXGR7Nn0kLy50ZXN0KGhvc3RuYW1lKSkgew0KICAgICAgICAgICAgLy8g7Zi47Iqk7Yq464Sk7J6EIOuBnSA27J6Q66asIOyIq+yekOulvCDstpTstpwNCiAgICAgICAgICAgIGNvbnN0IG1hdGNoID0gaG9zdG5hbWUubWF0Y2goL1xkezZ9JC8pOw0KICAgICAgICAgICAgaWYgKG1hdGNoKSB7DQogICAgICAgICAgICAgICAgLy8gNuyekOumrCDsiKvsnpDrpbwg7KCV7IiY66GcIOuzgO2ZmCAo7JiIOiAwMDAwMDEgLT4gMSkNCiAgICAgICAgICAgICAgICBpbnN0YW5jZU51bWJlciA9IHBhcnNlSW50KG1hdGNoWzBdLCAxMCk7DQogICAgICAgICAgICB9DQogICAgICAgIH0gDQogICAgICAgIA0KICAgICAgICAvLyAyLiB3d3ctIOygkeuRkOyCrOyXkCDqtIDqs4Tsl4bsnbQgW+ygkeuRkOyCrF0td2ViW+yIq+yekF12bSDtjKjthLQg7LKY66asDQogICAgICAgIGVsc2UgaWYgKC8td2ViXGQrdm0kLy50ZXN0KGhvc3RuYW1lKSkgew0KICAgICAgICAgICAgLy8gd2Vi6rO8IHZtIOyCrOydtOyXkCDsnojripQg7Iir7J6Q66W8IOy2lOy2nA0KICAgICAgICAgICAgY29uc3QgbWF0Y2ggPSBob3N0bmFtZS5tYXRjaCgvd2ViKFxkKyl2bSQvKTsNCiAgICAgICAgICAgIGlmIChtYXRjaCAmJiBtYXRjaFsxXSkgew0KICAgICAgICAgICAgICAgIC8vIOyIq+yekOulvCDsoJXsiJjroZwg67OA7ZmYICjsmIg6IHdlYjF2bSAtPiAxKQ0KICAgICAgICAgICAgICAgIGluc3RhbmNlTnVtYmVyID0gcGFyc2VJbnQobWF0Y2hbMV0sIDEwKTsNCiAgICAgICAgICAgIH0NCiAgICAgICAgfQ0KICAgICAgICANCiAgICAgICAgLy8g7J247Iqk7YS07IqkIOuyiO2YuOqwgCDsnKDtmqjtlaAg6rK97JqwIOyDieyDgSDtlaDri7kNCiAgICAgICAgaWYgKGluc3RhbmNlTnVtYmVyICE9PSBudWxsICYmIGluc3RhbmNlTnVtYmVyID4gMCkgew0KICAgICAgICAgICAgLy8g7Iir7J6Q66W8IOuwsOyXtCDquLjsnbTroZwg64KY64iIIOuCmOuouOyngOuhnCDsnbjrjbHsiqQg6rKw7KCVICjsiJztmZgpDQogICAgICAgICAgICAvLyDsnbjrjbHsiqTripQgMOu2gO2EsCDsi5zsnpHtlZjrr4DroZwsIDHrsogg7J247Iqk7YS07Iqk64qUIDDrsogg7J24642x7Iqk7JeQIOunpO2VkeuQmOuPhOuhnSAtMeydhCDsgqzsmqkNCiAgICAgICAgICAgIGNvbnN0IGNvbG9ySW5kZXggPSAoaW5zdGFuY2VOdW1iZXIgLSAxKSAlIHJhaW5ib3dDb2xvcnMubGVuZ3RoOw0KICAgICAgICAgICAgc2VsZWN0ZWRDb2xvciA9IHJhaW5ib3dDb2xvcnNbY29sb3JJbmRleF07DQogICAgICAgIH0NCg0KwqAgwqAgwqAgwqAgLy8gKipb67OA6rK965CoXSoqIGJvZHnqsIAg7JWE64uMIGhlYWRlciDrsLDqsr3sg4kg7KCB7JqpDQrCoCDCoCDCoCDCoCBkb2N1bWVudC5xdWVyeVNlbGVjdG9yKCdoZWFkZXInKS5zdHlsZS5iYWNrZ3JvdW5kQ29sb3IgPSBzZWxlY3RlZENvbG9yOyAgICA8L3NjcmlwdD4NCg0KPC9ib2R5Pg0KPC9odG1sPg0KRU9G",
            "virtual_machine_id": "f02a342d-559e-4fb3-90a3-e79a1081479c",
            "virtual_machine_scale_set_id": "",
            "vm_agent_platform_updates_enabled": false,
            "vtpm_enabled": false,
            "zone": ""
          },
          "sensitive_attributes": [
            [
              {
                "type": "get_attr",
                "value": "admin_password"
              }
            ],
            [
              {
                "type": "get_attr",
                "value": "custom_data"
              }
            ]
          ],
          "identity_schema_version": 0,
          "private": "eyJlMmJmYjczMC1lY2FhLTExZTYtOGY4OC0zNDM2M2JjN2M0YzAiOnsiY3JlYXRlIjoyNzAwMDAwMDAwMDAwLCJkZWxldGUiOjI3MDAwMDAwMDAwMDAsInJlYWQiOjMwMDAwMDAwMDAwMCwidXBkYXRlIjoyNzAwMDAwMDAwMDAwfX0=",
          "dependencies": [
            "azurerm_nat_gateway.www_nat",
            "azurerm_network_interface.www_web2_nic",
            "azurerm_resource_group.www_rg",
            "azurerm_subnet.www_web2",
            "azurerm_virtual_network.www_vnet0"
          ]
        }
      ]
    },
    {
      "mode": "managed",
      "type": "azurerm_linux_virtual_machine_scale_set",
      "name": "www_vmss",
      "provider": "provider[\"registry.terraform.io/hashicorp/azurerm\"]",
      "instances": [
        {
          "schema_version": 0,
          "attributes": {
            "additional_capabilities": [],
            "admin_password": null,
            "admin_ssh_key": [
              {
                "public_key": "ssh-ed25519 AAAAC3NzaC1lZDI1NTE5AAAAIPQMz6pXp11KhT0hWvtjhfnWCxvVEauRhw7dTgunou4M \r\n",
                "username": "www"
              }
            ],
            "admin_username": "www",
            "automatic_instance_repair": [],
            "automatic_os_upgrade_policy": [],
            "boot_diagnostics": [
              {
                "storage_account_uri": ""
              }
            ],
            "capacity_reservation_group_id": "",
            "computer_name_prefix": "www-vmss",
            "custom_data": null,
            "data_disk": [],
            "disable_password_authentication": true,
            "do_not_run_extensions_on_overprovisioned_machines": false,
            "edge_zone": "",
            "encryption_at_host_enabled": false,
            "eviction_policy": "",
            "extension": [],
            "extension_operations_enabled": true,
            "extensions_time_budget": "PT1H30M",
            "gallery_application": [],
            "health_probe_id": "",
            "host_group_id": null,
            "id": "/subscriptions/99b79efe-ebd6-468c-b39f-5669acb259e1/resourceGroups/04-T1-www/providers/Microsoft.Compute/virtualMachineScaleSets/www-vmss",
            "identity": [],
            "instances": 1,
            "location": "koreasouth",
            "max_bid_price": -1,
            "name": "www-vmss",
            "network_interface": [
              {
                "auxiliary_mode": "",
                "auxiliary_sku": "",
                "dns_servers": [],
                "enable_accelerated_networking": false,
                "enable_ip_forwarding": false,
                "ip_configuration": [
                  {
                    "application_gateway_backend_address_pool_ids": [
                      "/subscriptions/99b79efe-ebd6-468c-b39f-5669acb259e1/resourceGroups/04-T1-www/providers/Microsoft.Network/applicationGateways/www-appgw/backendAddressPools/www-beap"
                    ],
                    "application_security_group_ids": [],
                    "load_balancer_backend_address_pool_ids": [],
                    "load_balancer_inbound_nat_rules_ids": [],
                    "name": "www-vmss-nic",
                    "primary": true,
                    "public_ip_address": [],
                    "subnet_id": "/subscriptions/99b79efe-ebd6-468c-b39f-5669acb259e1/resourceGroups/04-T1-www/providers/Microsoft.Network/virtualNetworks/www-vnet1/subnets/www-vmss",
                    "version": "IPv4"
                  }
                ],
                "name": "www-vmss-nic",
                "network_security_group_id": "",
                "primary": true
              }
            ],
            "os_disk": [
              {
                "caching": "ReadWrite",
                "diff_disk_settings": [],
                "disk_encryption_set_id": "",
                "disk_size_gb": 10,
                "secure_vm_disk_encryption_set_id": "",
                "security_encryption_type": "",
                "storage_account_type": "StandardSSD_LRS",
                "write_accelerator_enabled": false
              }
            ],
            "overprovision": true,
            "plan": [
              {
                "name": "9-lvm",
                "product": "rockylinux-x86_64",
                "publisher": "resf"
              }
            ],
            "platform_fault_domain_count": 5,
            "priority": "Regular",
            "provision_vm_agent": true,
            "proximity_placement_group_id": "",
            "resilient_vm_creation_enabled": false,
            "resilient_vm_deletion_enabled": false,
            "resource_group_name": "04-T1-www",
            "rolling_upgrade_policy": [],
            "scale_in": [],
            "secret": [],
            "secure_boot_enabled": false,
            "single_placement_group": true,
            "sku": "Standard_B2s",
            "source_image_id": "/subscriptions/99b79efe-ebd6-468c-b39f-5669acb259e1/resourceGroups/04-T1-www/providers/Microsoft.Compute/galleries/wwwwwwgallery/images/www-image/versions/1.0.0",
            "source_image_reference": [],
            "spot_restore": [],
            "tags": {},
            "termination_notification": [],
            "timeouts": null,
            "unique_id": "0fba5773-f0d3-4069-b5e0-db3304f4db98",
            "upgrade_mode": "Manual",
            "user_data": "IyEgL2Jpbi9iYXNoDQpzZXRlbmZvcmNlIDANCmdydWJieSAtLXVwZGF0ZS1rZXJuZWwgQUxMIC0tYXJncyBzZWxpbnV4PTANCnN1ZG8gZG5mIGluc3RhbGwgLXkgd2dldCBodHRwZCBwaHAgcGhwLWdkIHBocC1vcGNhY2hlIHBocC1teXNxbG5kDQp3Z2V0IGh0dHBzOi8va28ud29yZHByZXNzLm9yZy93b3JkcHJlc3MtNi44LjMta29fS1IudGFyLmd6DQp0YXIgeHZmeiB3b3JkcHJlc3MtNi44LjMta29fS1IudGFyLmd6DQpjcCAtYXIgd29yZHByZXNzLyogL3Zhci93d3cvaHRtbA0Kc2VkIC1pICdzL0RpcmVjdG9yeUluZGV4IGluZGV4Lmh0bWwvRGlyZWN0b3J5SW5kZXggaW5kZXgucGhwL2cnIC9ldGMvaHR0cGQvY29uZi9odHRwZC5jb25mDQpjcCAvdmFyL3d3dy9odG1sL3dwLWNvbmZpZy1zYW1wbGUucGhwIC92YXIvd3d3L2h0bWwvd3AtY29uZmlnLnBocA0Kc2VkIC1pICdzL2RhdGFiYXNlX25hbWVfaGVyZS93b3JkcHJlc3MvZycgL3Zhci93d3cvaHRtbC93cC1jb25maWcucGhwDQpzZWQgLWkgJ3MvdXNlcm5hbWVfaGVyZS93d3cvZycgL3Zhci93d3cvaHRtbC93cC1jb25maWcucGhwDQpzZWQgLWkgJ3MvcGFzc3dvcmRfaGVyZS9JdDEyMzQ1IS9nJyAvdmFyL3d3dy9odG1sL3dwLWNvbmZpZy5waHANCnNlZCAtaSAncy9sb2NhbGhvc3QvMTAuMC40LjQvZycgL3Zhci93d3cvaHRtbC93cC1jb25maWcucGhwDQplY2hvICRIT1NUTkFNRSA+IC92YXIvd3d3L2h0bWwvaGVhbHRoLmh0bWwNCnN1ZG8gc3lzdGVtY3RsIGVuYWJsZSAtLW5vdyBodHRwZA0KDQoNCnN1ZG8gZmlyZXdhbGwtY21kIC0tem9uZT1wdWJsaWMgLS1hZGQtcG9ydD0yMi90Y3AgLS1wZXJtYW5lbnQNCnN1ZG8gZmlyZXdhbGwtY21kIC0tem9uZT1wdWJsaWMgLS1hZGQtcG9ydD04MC90Y3AgLS1wZXJtYW5lbnQNCnN1ZG8gZmlyZXdhbGwtY21kIC0tcmVsb2FkDQojIyBpZF9lZDI1NTE5DQplY2hvIC1lICItLS0tLUJFR0lOIE9QRU5TU0ggUFJJVkFURSBLRVktLS0tLQ0KYjNCbGJuTnphQzFyWlhrdGRqRUFBQUFBQkc1dmJtVUFBQUFFYm05dVpRQUFBQUFBQUFBQkFBQUFNd0FBQUF0emMyZ3RaVw0KUXlOVFV4T1FBQUFDRDBETStxVjZkZFNvVTlJVnI3WTRYNTFnc2IxUkdya1ljTzNVNExwNkx1REFBQUFKamU4LzYzM3ZQKw0KdHdBQUFBdHpjMmd0WldReU5UVXhPUUFBQUNEMERNK3FWNmRkU29VOUlWcjdZNFg1MWdzYjFSR3JrWWNPM1U0THA2THVEQQ0KQUFBRUFZNEhRWFQ2M1hhUnNxRndrSDNYUVlwZzdaVS9MNHBsNlEwOUxNVFFmYTdmUU16NnBYcDExS2hUMGhXdnRqaGZuVw0KQ3h2VkVhdVJodzdkVGd1bm91NE1BQUFBRUdkbmFtY3pNMEJuYldGcGJDNWpiMjBCQWdNRUJRPT0NCi0tLS0tRU5EIE9QRU5TU0ggUFJJVkFURSBLRVktLS0tLSIgPiAvaG9tZS93d3cvLnNzaC9pZF9lZDI1NTE5DQpjaG93biB3d3c6d3d3IC9ob21lL3d3dy8uc3NoL2lkX2VkMjU1MTkNCmNobW9kIDYwMCAvaG9tZS93d3cvLnNzaC9pZF9lZDI1NTE5DQoNCiMgYXV0aG9yaXplZF9rZXlzIOyEpOyglSAo6rO16rCc7YKkKQ0KY2F0IDw8J0VPRicgPiAvaG9tZS93d3cvLnNzaC9hdXRob3JpemVkX2tleXMNCnNzaC1lZDI1NTE5IEFBQUFDM056YUMxbFpESTFOVEU1QUFBQUlQUU16NnBYcDExS2hUMGhXdnRqaGZuV0N4dlZFYXVSaHc3ZFRndW5vdTRNIA0KRU9GDQpjaG93biB3d3c6d3d3IC9ob21lL3d3dy8uc3NoL2F1dGhvcml6ZWRfa2V5cw0KY2htb2QgNjAwIC9ob21lL3d3dy8uc3NoL2F1dGhvcml6ZWRfa2V5cw0KDQpTRVJWRVJfSE9TVE5BTUU9JChob3N0bmFtZSkNCmNob3duIC1SIGFwYWNoZTphcGFjaGUgL3Zhci93d3cvaHRtbA0KY2htb2QgLVIgNzU1IC92YXIvd3d3L2h0bWwNCg0KY2F0IDw8RU9GID4gL3Zhci93d3cvaHRtbC9pbmRleC5odG1sDQo8IURPQ1RZUEUgaHRtbD4NCjxodG1sIGxhbmc9ImtvIj4NCjxoZWFkPg0KICAgIDxtZXRhIGNoYXJzZXQ9IlVURi04Ij4NCiAgICA8bWV0YSBuYW1lPSJ2aWV3cG9ydCIgY29udGVudD0id2lkdGg9ZGV2aWNlLXdpZHRoLCBpbml0aWFsLXNjYWxlPTEuMCI+DQogICAgPHRpdGxlPlRFQU1fMSDtmYjtjpjsnbTsp4A8L3RpdGxlPg0KICAgIDxzdHlsZT4NCiAgICAgICAgLyog7KCE7LK0IOq4sOuzuCDsiqTtg4DsnbwgKi8NCiAgICAgICAgYm9keSB7DQogICAgICAgICAgICBmb250LWZhbWlseTogQXJpYWwsIHNhbnMtc2VyaWY7DQogICAgICAgICAgICBtYXJnaW46IDA7DQogICAgICAgICAgICBwYWRkaW5nOiAwOw0KICAgICAgICAgICAgbGluZS1oZWlnaHQ6IDEuNjsNCiAgICAgICAgICAgIGNvbG9yOiAjMjIyOw0KICAgICAgICAgICAgLyogKipb67OA6rK965CoXSoqIGJvZHkg67Cw6rK97IOJ7J2EIO2dsOyDieycvOuhnCDqs6DsoJUgKENTU+yXkOyEnCDsp4HsoJEg7ISk7KCVKSAqLw0KICAgICAgICAgICAgYmFja2dyb3VuZC1jb2xvcjogI2ZmZmZmZjsgDQogICAgICAgIH0NCg0KICAgICAgICAvKiDsg4Hri6gg7JiB7JetICovDQogICAgICAgIGhlYWRlciB7DQogICAgICAgICAgICAvKiAqKlvrs4Dqsr3rkKhdKiog6riw67O4IOuwsOqyveyDiSDshKTsoJUgKEpT7JeQ7IScIO2YuOyKpO2KuOuEpOyehOyXkCDrlLDrnbwg67OA6rK965CgIOyYiOyglSkgKi8NCiAgICAgICAgICAgIGJhY2tncm91bmQtY29sb3I6ICMwMDA7IA0KICAgICAgICAgICAgY29sb3I6ICNmZmY7DQogICAgICAgICAgICBwYWRkaW5nOiAyNXB4IDIwcHg7DQogICAgICAgICAgICB0ZXh0LWFsaWduOiBjZW50ZXI7DQogICAgICAgICAgICBmb250LXNpemU6IDJlbTsNCiAgICAgICAgICAgIGZvbnQtd2VpZ2h0OiBib2xkOw0KICAgICAgICAgICAgcG9zaXRpb246IHJlbGF0aXZlOw0KICAgICAgICB9DQoNCiAgICAgICAgLyog7Jik66W47Kq9IOychCDtmLjsiqTtirjrhKTsnoQg7ZGc7IucICovDQogICAgICAgICNob3N0bmFtZS1kaXNwbGF5IHsNCiAgICAgICAgICAgIHBvc2l0aW9uOiBhYnNvbHV0ZTsNCiAgICAgICAgICAgIHRvcDogMTBweDsNCiAgICAgICAgICAgIHJpZ2h0OiAyMHB4Ow0KICAgICAgICAgICAgZm9udC1zaXplOiAwLjllbTsNCiAgICAgICAgICAgIGNvbG9yOiAjZmZmOw0KICAgICAgICAgICAgYmFja2dyb3VuZC1jb2xvcjogcmdiYSgwLDAsMCwwLjMpOw0KICAgICAgICAgICAgcGFkZGluZzogNHB4IDhweDsNCiAgICAgICAgICAgIGJvcmRlci1yYWRpdXM6IDVweDsNCiAgICAgICAgfQ0KDQogICAgICAgIC8qIOyEueyFmCDqs7XthrUg7Iqk7YOA7J28ICovDQogICAgICAgIHNlY3Rpb24gew0KICAgICAgICAgICAgcGFkZGluZzogNjBweCAyMHB4Ow0KICAgICAgICAgICAgbWF4LXdpZHRoOiAxMDAwcHg7DQogICAgICAgICAgICBtYXJnaW46IGF1dG87DQogICAgICAgICAgICBjb2xvcjogIzIyMjsNCiAgICAgICAgICAgIC8qICoqW+ywuOqzoF0qKiDshLnshZgg7J6Q7LK064qUIO2dsOyDiSDrsLDqsr3snYQg7Jyg7KeAICovDQogICAgICAgICAgICBiYWNrZ3JvdW5kLWNvbG9yOiAjZmZmZmZmOyANCiAgICAgICAgfQ0KDQogICAgICAgIHNlY3Rpb24gaDIgew0KICAgICAgICAgICAgYm9yZGVyLWJvdHRvbTogM3B4IHNvbGlkICM1NTU7DQogICAgICAgICAgICBwYWRkaW5nLWJvdHRvbTogMTBweDsNCiAgICAgICAgICAgIG1hcmdpbi1ib3R0b206IDI1cHg7DQogICAgICAgICAgICBmb250LXNpemU6IDEuOGVtOw0KICAgICAgICB9DQoNCiAgICAgICAgLyog7IKs7J207Yq4IOyXsOqysCDrp4Htgawg7Iqk7YOA7J28ICovDQogICAgICAgIC5saW5rcyBhIHsNCiAgICAgICAgICAgIGRpc3BsYXk6IGlubGluZS1ibG9jazsNCiAgICAgICAgICAgIG1hcmdpbi1yaWdodDogMTVweDsNCiAgICAgICAgICAgIG1hcmdpbi1ib3R0b206IDEwcHg7DQogICAgICAgICAgICBwYWRkaW5nOiA4cHggMTVweDsNCiAgICAgICAgICAgIGJhY2tncm91bmQtY29sb3I6ICM0NDQ7DQogICAgICAgICAgICBjb2xvcjogI2ZmZjsNCiAgICAgICAgICAgIHRleHQtZGVjb3JhdGlvbjogbm9uZTsNCiAgICAgICAgICAgIGJvcmRlci1yYWRpdXM6IDVweDsNCiAgICAgICAgICAgIGZvbnQtd2VpZ2h0OiA1MDA7DQogICAgICAgICAgICB0cmFuc2l0aW9uOiAwLjNzOw0KICAgICAgICB9DQoNCiAgICAgICAgLmxpbmtzIGE6aG92ZXIgew0KICAgICAgICAgICAgYmFja2dyb3VuZC1jb2xvcjogIzIyMjsNCiAgICAgICAgfQ0KDQogICAgICAgIC8qIOyekOujjCDrpqzsiqTtirggKi8NCiAgICAgICAgLnJlc291cmNlcyB1bCB7DQogICAgICAgICAgICBsaXN0LXN0eWxlLXR5cGU6IHNxdWFyZTsNCiAgICAgICAgICAgIHBhZGRpbmctbGVmdDogMjBweDsNCiAgICAgICAgfQ0KDQogICAgICAgIC5yZXNvdXJjZXMgdWwgbGkgYSB7DQogICAgICAgICAgICBjb2xvcjogIzAwMDsNCiAgICAgICAgICAgIHRleHQtZGVjb3JhdGlvbjogbm9uZTsNCiAgICAgICAgICAgIHRyYW5zaXRpb246IDAuM3M7DQogICAgICAgIH0NCg0KICAgICAgICAucmVzb3VyY2VzIHVsIGxpIGE6aG92ZXIgew0KICAgICAgICAgICAgdGV4dC1kZWNvcmF0aW9uOiB1bmRlcmxpbmU7DQogICAgICAgICAgICBjb2xvcjogIzU1NTsNCiAgICAgICAgfQ0KDQogICAgICAgIC8qIOuwmOydke2YlSAqLw0KICAgICAgICBAbWVkaWEgKG1heC13aWR0aDogNjAwcHgpIHsNCiAgICAgICAgICAgIGhlYWRlciB7IGZvbnQtc2l6ZTogMS41ZW07IHBhZGRpbmc6IDIwcHggMTBweDsgfQ0KICAgICAgICAgICAgc2VjdGlvbiB7IHBhZGRpbmc6IDQwcHggMTVweDsgfQ0KICAgICAgICAgICAgLmxpbmtzIGEgeyBwYWRkaW5nOiA2cHggMTBweDsgbWFyZ2luLXJpZ2h0OiAxMHB4OyB9DQogICAgICAgICAgICAjaG9zdG5hbWUtZGlzcGxheSB7IGZvbnQtc2l6ZTogMC44ZW07IHRvcDogOHB4OyByaWdodDogMTBweDsgfQ0KICAgICAgICB9DQogICAgPC9zdHlsZT4NCjwvaGVhZD4NCjxib2R5Pg0KDQogICAgPGhlYWRlcj4NCiAgICAgICAgVEVBTV8xIEhPTUVQQUdFDQogICAgICAgIDxkaXYgaWQ9Imhvc3RuYW1lLWRpc3BsYXkiPjwvZGl2Pg0KICAgIDwvaGVhZGVyPg0KDQogICAgPHNlY3Rpb24gaWQ9ImhvbWUiPg0KICAgICAgICA8aDI+7ZmIPC9oMj4NCiAgICAgICAgPHA+7ZmY7JiB7ZWp64uI64ukISBURUFNXzEg7ZmI7Y6Y7J207KeA7JeQIOyYpOyLoCDqsoPsnYQg7ZmY7JiB7ZWp64uI64ukLjwvcD4NCiAgICA8L3NlY3Rpb24+DQoNCiAgICA8c2VjdGlvbiBpZD0ibGlua3MiPg0KICAgICAgICA8aDI+7IKs7J207Yq4IOyXsOqysDwvaDI+DQogICAgICAgIDxkaXYgY2xhc3M9ImxpbmtzIj4NCiAgICAgICAgICAgIDxhIGhyZWY9Imh0dHBzOi8vZ2l0aHViLmNvbS9nZ2pnMzMwMjA0L3RlYW1fd3d3IiB0YXJnZXQ9Il9ibGFuayIgdGl0bGU9IkdpdEh1YiDsoIDsnqXshowg7Je06riwIj5HaXRIdWI8L2E+DQogICAgICAgICAgICA8YSBocmVmPSJodHRwczovL2RvY3MuZ29vZ2xlLmNvbS9kb2N1bWVudC9kLzF5VE5tSVVMZUNzRGt6LV9IMUJJOUJXM3NaYl9qSEQyYmh1S0dhNzdzUVhFL2VkaXQ/dXNwPXNoYXJpbmciIHRhcmdldD0iX2JsYW5rIiB0aXRsZT0iR29vZ2xlIERvY3Mg7Je06riwIj5Hb29nbGUgRG9jczwvYT4NCiAgICAgICAgICAgIDxhIGhyZWY9Imh0dHBzOi8vZG9jcy5nb29nbGUuY29tL3ByZXNlbnRhdGlvbi9kLzFQT00yZmVPUjZ0YjZvbGxCQWZZTUl2Z2tIQXR3ZWQ5aUFPcWx6cUlIY3dzL2VkaXQ/dXNwPXNoYXJpbmciIHRhcmdldD0iX2JsYW5rIiB0aXRsZT0iR29vZ2xlIFNsaWRlIOyXtOq4sCI+R29vZ2xlIFNsaWRlPC9hPg0KICAgICAgICA8L2Rpdj4NCiAgICA8L3NlY3Rpb24+DQoNCiAgICA8c2VjdGlvbiBpZD0icmVzb3VyY2VzIj4NCiAgICAgICAgPGgyPu2PrO2KuO2PtOumrOyYpDwvaDI+DQogICAgICAgIDxkaXYgY2xhc3M9InJlc291cmNlcyI+DQogICAgICAgICAgICA8dWw+DQogICAgICAgICAgICAgICAgPGxpPjxhIGhyZWY9IiMiIHRpdGxlPSLsnbTquLDtm4gg7J6Q66OMIOuLpOyatOuhnOuTnCI+7J206riw7ZuIPC9hPjwvbGk+DQogICAgICAgICAgICAgICAgPGxpPjxhIGhyZWY9IiMiIHRpdGxlPSLsnpDro4wgMiDri6TsmrTroZzrk5wiPuyekOujjCAyPC9hPjwvbGk+DQogICAgICAgICAgICAgICAgPGxpPjxhIGhyZWY9IiMiIHRpdGxlPSLsnpDro4wgMyDri6TsmrTroZzrk5wiPuyekOujjCAzPC9hPjwvbGk+DQogICAgICAgICAgICA8L3VsPg0KICAgICAgICA8L2Rpdj4NCiAgICA8L3NlY3Rpb24+DQoNCiAgICA8c2NyaXB0Pg0KICAgICAgICAvLyA9PT09PT09PT09PT09PT09PT09PT09PT09PT09PT09PT09PT09PT09PT09PT0NCiAgICAgICAgLy8gMS4g7YWM7Iqk7Yq47JqpIO2YuOyKpO2KuOuEpOyehCAoUEMgMeuMgOyXkOyEnCDthYzsiqTtirjtlaAg65WMKQ0KICAgICAgICAvL2NvbnN0IFRFU1RfSE9TVE5BTUUgPSAid3d3LXdlYiI7wqANCiAgICAgICAgLy9jb25zdCBURVNUX0hPU1ROQU1FID0gInd3dy12bXNzMDAwMDAxIjvCoA0KICAgICAgICAvL2NvbnN0IFRFU1RfSE9TVE5BTUUgPSAid3d3LXZtc3MwMDAwMDMiO8KgDQogICAgICAgIC8vIFRFU1RfSE9TVE5BTUUg6rCS7J2EIOuwlOq/lOqwgOupsCDsg4nsg4Eg7ZmV7J24IOqwgOuKpSAo7JiIOiAnd3d3LXZtc3MwMDAwMDEnIC0+IOu5qOqwlSkNCiAgICAgICAgLy8gPT09PT09PT09PT09PT09PT09PT09PT09PT09PT09PT09PT09PT09PT09PT09DQoNCiAgICAgICAgLy8gMi4g7Iuk7KCcIO2OmOydtOyngOyXkOyEnOuKlCDshJzrsoTsl5DshJwg7Zi47Iqk7Yq464Sk7J6E7J2EIOyjvOyehQ0KICAgICAgICBjb25zdCBob3N0bmFtZSA9ICcke1NFUlZFUl9IT1NUTkFNRX0nOyAvLyDsi6TsoJwg7ISc67KE7JeQ7IScIOyjvOyehSDsi5wg7KO87ISdIO2VtOygnA0KICAgICAgICAvLyBjb25zdCBob3N0bmFtZSA9IFRFU1RfSE9TVE5BTUU7IC8vIO2FjOyKpO2KuCDsi5wg7KO87ISdIO2VtOygnA0KDQogICAgICAgIC8vIOyVhOuemCDrnbzsnbgg7ZWY64KY66GcIO2FjOyKpO2KuC/si6TsoJwg7Im96rKMIOyghO2ZmCDqsIDriqUNCiAgICAgICAgLy9jb25zdCBob3N0bmFtZSA9IFRFU1RfSE9TVE5BTUU7DQoNCiAgICAgICAgLy8g7Jik66W47Kq9IOychCDtmLjsiqTtirjrhKTsnoQg7ZGc7IucDQogICAgICAgIGRvY3VtZW50LmdldEVsZW1lbnRCeUlkKCJob3N0bmFtZS1kaXNwbGF5IikudGV4dENvbnRlbnQgPSBob3N0bmFtZTsNCg0KICAgICAgICAvLyDrrLTsp4DqsJwg7IOJ7IOBIOuwsOyXtA0KIGNvbnN0IHJhaW5ib3dDb2xvcnMgPSBbDQrCoCDCoCDCoCDCoCAiI0ZGOTk5OSIsIC8vIDA6IOyXsO2VnCDruajqsJUNCsKgIMKgIMKgIMKgIMKgIMKgICIjRkZDOTk5IiwgLy8gMTog7Jew7ZWcIOyjvO2ZqQ0KwqAgwqAgwqAgwqAgwqAgwqAgIiNGRkZGOTkiLCAvLyAyOiDsl7DtlZwg64W4656RDQrCoCDCoCDCoCDCoCDCoCDCoCAiIzk5RkY5OSIsIC8vIDM6IOyXsO2VnCDstIjroZ0NCsKgIMKgIMKgIMKgIMKgIMKgICIjOTk5OUZGIiwgLy8gNDog7Jew7ZWcIO2MjOuekQ0KwqAgwqAgwqAgwqAgwqAgwqAgIiNBMzk5QzgiLCAvLyA1OiDsl7DtlZwg64Ko7IOJDQrCoCDCoCDCoCDCoCDCoCDCoCAiI0M4OTlGRiLCoCAvLyA2OiDsl7DtlZwg67O06528DQrCoCDCoCDCoCDCoCBdOw0KDQrCoCDCoCDCoCDCoCBsZXQgc2VsZWN0ZWRDb2xvciA9ICIjMDAwMDAwIjsgLy8g6riw67O4IOqygOygleyDiQ0KICAgICAgICBsZXQgaW5zdGFuY2VOdW1iZXIgPSBudWxsOyAvLyDsnbjsiqTthLTsiqQg67KI7Zi466W8IOyggOyepe2VoCDrs4DsiJgNCg0KICAgICAgICAvLyAxLiB3d3ctIOygkeuRkOyCrOyXkCDqtIDqs4Tsl4bsnbQgW+ygkeuRkOyCrF0tdm1zc1s27J6Q66asIOyIq+yekF0g7Yyo7YS0IOyymOumrA0KICAgICAgICBpZiAoLy12bXNzXGR7Nn0kLy50ZXN0KGhvc3RuYW1lKSkgew0KICAgICAgICAgICAgLy8g7Zi47Iqk7Yq464Sk7J6EIOuBnSA27J6Q66asIOyIq+yekOulvCDstpTstpwNCiAgICAgICAgICAgIGNvbnN0IG1hdGNoID0gaG9zdG5hbWUubWF0Y2goL1xkezZ9JC8pOw0KICAgICAgICAgICAgaWYgKG1hdGNoKSB7DQogICAgICAgICAgICAgICAgLy8gNuyekOumrCDsiKvsnpDrpbwg7KCV7IiY66GcIOuzgO2ZmCAo7JiIOiAwMDAwMDEgLT4gMSkNCiAgICAgICAgICAgICAgICBpbnN0YW5jZU51bWJlciA9IHBhcnNlSW50KG1hdGNoWzBdLCAxMCk7DQogICAgICAgICAgICB9DQogICAgICAgIH0gDQogICAgICAgIA0KICAgICAgICAvLyAyLiB3d3ctIOygkeuRkOyCrOyXkCDqtIDqs4Tsl4bsnbQgW+ygkeuRkOyCrF0td2ViW+yIq+yekF12bSDtjKjthLQg7LKY66asDQogICAgICAgIGVsc2UgaWYgKC8td2ViXGQrdm0kLy50ZXN0KGhvc3RuYW1lKSkgew0KICAgICAgICAgICAgLy8gd2Vi6rO8IHZtIOyCrOydtOyXkCDsnojripQg7Iir7J6Q66W8IOy2lOy2nA0KICAgICAgICAgICAgY29uc3QgbWF0Y2ggPSBob3N0bmFtZS5tYXRjaCgvd2ViKFxkKyl2bSQvKTsNCiAgICAgICAgICAgIGlmIChtYXRjaCAmJiBtYXRjaFsxXSkgew0KICAgICAgICAgICAgICAgIC8vIOyIq+yekOulvCDsoJXsiJjroZwg67OA7ZmYICjsmIg6IHdlYjF2bSAtPiAxKQ0KICAgICAgICAgICAgICAgIGluc3RhbmNlTnVtYmVyID0gcGFyc2VJbnQobWF0Y2hbMV0sIDEwKTsNCiAgICAgICAgICAgIH0NCiAgICAgICAgfQ0KICAgICAgICANCiAgICAgICAgLy8g7J247Iqk7YS07IqkIOuyiO2YuOqwgCDsnKDtmqjtlaAg6rK97JqwIOyDieyDgSDtlaDri7kNCiAgICAgICAgaWYgKGluc3RhbmNlTnVtYmVyICE9PSBudWxsICYmIGluc3RhbmNlTnVtYmVyID4gMCkgew0KICAgICAgICAgICAgLy8g7Iir7J6Q66W8IOuwsOyXtCDquLjsnbTroZwg64KY64iIIOuCmOuouOyngOuhnCDsnbjrjbHsiqQg6rKw7KCVICjsiJztmZgpDQogICAgICAgICAgICAvLyDsnbjrjbHsiqTripQgMOu2gO2EsCDsi5zsnpHtlZjrr4DroZwsIDHrsogg7J247Iqk7YS07Iqk64qUIDDrsogg7J24642x7Iqk7JeQIOunpO2VkeuQmOuPhOuhnSAtMeydhCDsgqzsmqkNCiAgICAgICAgICAgIGNvbnN0IGNvbG9ySW5kZXggPSAoaW5zdGFuY2VOdW1iZXIgLSAxKSAlIHJhaW5ib3dDb2xvcnMubGVuZ3RoOw0KICAgICAgICAgICAgc2VsZWN0ZWRDb2xvciA9IHJhaW5ib3dDb2xvcnNbY29sb3JJbmRleF07DQogICAgICAgIH0NCg0KwqAgwqAgwqAgwqAgLy8gKipb67OA6rK965CoXSoqIGJvZHnqsIAg7JWE64uMIGhlYWRlciDrsLDqsr3sg4kg7KCB7JqpDQrCoCDCoCDCoCDCoCBkb2N1bWVudC5xdWVyeVNlbGVjdG9yKCdoZWFkZXInKS5zdHlsZS5iYWNrZ3JvdW5kQ29sb3IgPSBzZWxlY3RlZENvbG9yOyAgICA8L3NjcmlwdD4NCg0KPC9ib2R5Pg0KPC9odG1sPg0KRU9G",
            "vtpm_enabled": false,
            "zone_balance": false,
            "zones": []
          },
          "sensitive_attributes": [
            [
              {
                "type": "get_attr",
                "value": "admin_password"
              }
            ],
            [
              {
                "type": "get_attr",
                "value": "custom_data"
              }
            ]
          ],
          "identity_schema_version": 0,
          "private": "eyJlMmJmYjczMC1lY2FhLTExZTYtOGY4OC0zNDM2M2JjN2M0YzAiOnsiY3JlYXRlIjozNjAwMDAwMDAwMDAwLCJkZWxldGUiOjM2MDAwMDAwMDAwMDAsInJlYWQiOjMwMDAwMDAwMDAwMCwidXBkYXRlIjozNjAwMDAwMDAwMDAwfX0=",
          "dependencies": [
            "azurerm_application_gateway.www_appgw",
            "azurerm_image.www_image",
            "azurerm_linux_virtual_machine.www_web2vm",
            "azurerm_managed_disk.www_disk",
            "azurerm_nat_gateway.www_nat",
            "azurerm_network_interface.www_web2_nic",
            "azurerm_public_ip.www_appip",
            "azurerm_resource_group.www_rg",
            "azurerm_shared_image.www_sig_image",
            "azurerm_shared_image_gallery.www_gallery",
            "azurerm_shared_image_version.www_version",
            "azurerm_subnet.www_appgw",
            "azurerm_subnet.www_vmss",
            "azurerm_subnet.www_web2",
            "azurerm_virtual_network.www_vnet0",
            "azurerm_virtual_network.www_vnet1",
            "null_resource.www_web2_deallocate"
          ]
        }
      ]
    },
    {
      "mode": "managed",
      "type": "azurerm_log_analytics_workspace",
      "name": "log",
      "provider": "provider[\"registry.terraform.io/hashicorp/azurerm\"]",
      "instances": [
        {
          "schema_version": 3,
          "attributes": {
            "allow_resource_only_permissions": true,
            "cmk_for_query_forced": false,
            "daily_quota_gb": -1,
            "data_collection_rule_id": "",
            "id": "/subscriptions/99b79efe-ebd6-468c-b39f-5669acb259e1/resourceGroups/04-T1-www/providers/Microsoft.OperationalInsights/workspaces/www-log-analytics",
            "identity": [],
            "immediate_data_purge_on_30_days_enabled": false,
            "internet_ingestion_enabled": true,
            "internet_query_enabled": true,
            "local_authentication_disabled": false,
            "local_authentication_enabled": true,
            "location": "koreacentral",
            "name": "www-log-analytics",
            "primary_shared_key": "ytpq589ICzLeL5WhQ1EbJgSsWx3ouRuBX+wYsbmOLfU8DG0P1hQcB2Amw3aOq5OJBj7kj0arCSD89C7VnnnUKg==",
            "reservation_capacity_in_gb_per_day": null,
            "resource_group_name": "04-T1-www",
            "retention_in_days": 30,
            "secondary_shared_key": "Hx2tEO9l+MBMW6kuwglNhbn3mrSB9AAdNEe+/4HtlQdzDcX2PBd4rPiKHVHXZrEyd8DQj54Awki+hWso30JxuQ==",
            "sku": "PerGB2018",
            "tags": null,
            "timeouts": null,
            "workspace_id": "d9116d34-a3a5-4c55-9c5e-60d9508c7df6"
          },
          "sensitive_attributes": [
            [
              {
                "type": "get_attr",
                "value": "primary_shared_key"
              }
            ],
            [
              {
                "type": "get_attr",
                "value": "secondary_shared_key"
              }
            ]
          ],
          "identity_schema_version": 0,
          "private": "eyJlMmJmYjczMC1lY2FhLTExZTYtOGY4OC0zNDM2M2JjN2M0YzAiOnsiY3JlYXRlIjoxODAwMDAwMDAwMDAwLCJkZWxldGUiOjE4MDAwMDAwMDAwMDAsInJlYWQiOjMwMDAwMDAwMDAwMCwidXBkYXRlIjoxODAwMDAwMDAwMDAwfSwic2NoZW1hX3ZlcnNpb24iOiIzIn0=",
          "dependencies": [
            "azurerm_resource_group.www_rg"
          ]
        }
      ]
    },
    {
      "mode": "managed",
      "type": "azurerm_managed_disk",
      "name": "www_disk",
      "provider": "provider[\"registry.terraform.io/hashicorp/azurerm\"]",
      "instances": [
        {
          "schema_version": 1,
          "attributes": {
            "create_option": "Copy",
            "disk_access_id": "",
            "disk_encryption_set_id": "",
            "disk_iops_read_only": 0,
            "disk_iops_read_write": 500,
            "disk_mbps_read_only": 0,
            "disk_mbps_read_write": 100,
            "disk_size_gb": 10,
            "edge_zone": "",
            "encryption_settings": [],
            "gallery_image_reference_id": "",
            "hyper_v_generation": "V2",
            "id": "/subscriptions/99b79efe-ebd6-468c-b39f-5669acb259e1/resourceGroups/04-T1-www/providers/Microsoft.Compute/disks/www-disk",
            "image_reference_id": "",
            "location": "koreacentral",
            "logical_sector_size": null,
            "max_shares": 0,
            "name": "www-disk",
            "network_access_policy": "AllowAll",
            "on_demand_bursting_enabled": false,
            "optimized_frequent_attach_enabled": false,
            "os_type": "Linux",
            "performance_plus_enabled": false,
            "public_network_access_enabled": true,
            "resource_group_name": "04-T1-www",
            "secure_vm_disk_encryption_set_id": "",
            "security_type": "",
            "source_resource_id": "/subscriptions/99b79efe-ebd6-468c-b39f-5669acb259e1/resourceGroups/04-T1-www/providers/Microsoft.Compute/disks/www-web2vm_disk1_2428a311b150473f8537fb55289eeccc",
            "source_uri": "",
            "storage_account_id": "",
            "storage_account_type": "StandardSSD_LRS",
            "tags": null,
            "tier": "",
            "timeouts": null,
            "trusted_launch_enabled": false,
            "upload_size_bytes": 0,
            "zone": ""
          },
          "sensitive_attributes": [],
          "identity_schema_version": 0,
          "identity": {
            "name": "www-disk",
            "resource_group_name": "04-T1-www",
            "subscription_id": "99b79efe-ebd6-468c-b39f-5669acb259e1"
          },
          "private": "eyJlMmJmYjczMC1lY2FhLTExZTYtOGY4OC0zNDM2M2JjN2M0YzAiOnsiY3JlYXRlIjoxODAwMDAwMDAwMDAwLCJkZWxldGUiOjE4MDAwMDAwMDAwMDAsInJlYWQiOjMwMDAwMDAwMDAwMCwidXBkYXRlIjoxODAwMDAwMDAwMDAwfSwic2NoZW1hX3ZlcnNpb24iOiIxIn0=",
          "dependencies": [
            "azurerm_linux_virtual_machine.www_web2vm",
            "azurerm_nat_gateway.www_nat",
            "azurerm_network_interface.www_web2_nic",
            "azurerm_resource_group.www_rg",
            "azurerm_subnet.www_web2",
            "azurerm_virtual_network.www_vnet0",
            "null_resource.www_web2_deallocate"
          ]
        }
      ]
    },
    {
      "mode": "managed",
      "type": "azurerm_monitor_autoscale_setting",
      "name": "www_vmss_auto",
      "provider": "provider[\"registry.terraform.io/hashicorp/azurerm\"]",
      "instances": [
        {
          "schema_version": 2,
          "attributes": {
            "enabled": true,
            "id": "/subscriptions/99b79efe-ebd6-468c-b39f-5669acb259e1/resourceGroups/04-T1-www/providers/Microsoft.Insights/autoScaleSettings/www-vmss-auto",
            "location": "koreacentral",
            "name": "www-vmss-auto",
            "notification": [],
            "predictive": [],
            "profile": [
              {
                "capacity": [
                  {
                    "default": 2,
                    "maximum": 6,
                    "minimum": 1
                  }
                ],
                "fixed_date": [],
                "name": "cpu-profile",
                "recurrence": [],
                "rule": [
                  {
                    "metric_trigger": [
                      {
                        "dimensions": [],
                        "divide_by_instance_count": false,
                        "metric_name": "Percentage CPU",
                        "metric_namespace": "",
                        "metric_resource_id": "/subscriptions/99b79efe-ebd6-468c-b39f-5669acb259e1/resourceGroups/04-T1-www/providers/Microsoft.Compute/virtualMachineScaleSets/www-vmss",
                        "operator": "GreaterThanOrEqual",
                        "statistic": "Average",
                        "threshold": 70,
                        "time_aggregation": "Average",
                        "time_grain": "PT1M",
                        "time_window": "PT5M"
                      }
                    ],
                    "scale_action": [
                      {
                        "cooldown": "PT5M",
                        "direction": "Increase",
                        "type": "ChangeCount",
                        "value": 1
                      }
                    ]
                  },
                  {
                    "metric_trigger": [
                      {
                        "dimensions": [],
                        "divide_by_instance_count": false,
                        "metric_name": "Percentage CPU",
                        "metric_namespace": "",
                        "metric_resource_id": "/subscriptions/99b79efe-ebd6-468c-b39f-5669acb259e1/resourceGroups/04-T1-www/providers/Microsoft.Compute/virtualMachineScaleSets/www-vmss",
                        "operator": "LessThanOrEqual",
                        "statistic": "Average",
                        "threshold": 20,
                        "time_aggregation": "Average",
                        "time_grain": "PT1M",
                        "time_window": "PT5M"
                      }
                    ],
                    "scale_action": [
                      {
                        "cooldown": "PT5M",
                        "direction": "Decrease",
                        "type": "ChangeCount",
                        "value": 1
                      }
                    ]
                  }
                ]
              }
            ],
            "resource_group_name": "04-T1-www",
            "tags": {},
            "target_resource_id": "/subscriptions/99b79efe-ebd6-468c-b39f-5669acb259e1/resourceGroups/04-T1-www/providers/Microsoft.Compute/virtualMachineScaleSets/www-vmss",
            "timeouts": null
          },
          "sensitive_attributes": [],
          "identity_schema_version": 0,
          "private": "eyJlMmJmYjczMC1lY2FhLTExZTYtOGY4OC0zNDM2M2JjN2M0YzAiOnsiY3JlYXRlIjoxODAwMDAwMDAwMDAwLCJkZWxldGUiOjE4MDAwMDAwMDAwMDAsInJlYWQiOjMwMDAwMDAwMDAwMCwidXBkYXRlIjoxODAwMDAwMDAwMDAwfSwic2NoZW1hX3ZlcnNpb24iOiIyIn0=",
          "dependencies": [
            "azurerm_application_gateway.www_appgw",
            "azurerm_image.www_image",
            "azurerm_linux_virtual_machine.www_web2vm",
            "azurerm_linux_virtual_machine_scale_set.www_vmss",
            "azurerm_managed_disk.www_disk",
            "azurerm_nat_gateway.www_nat",
            "azurerm_network_interface.www_web2_nic",
            "azurerm_public_ip.www_appip",
            "azurerm_resource_group.www_rg",
            "azurerm_shared_image.www_sig_image",
            "azurerm_shared_image_gallery.www_gallery",
            "azurerm_shared_image_version.www_version",
            "azurerm_subnet.www_appgw",
            "azurerm_subnet.www_vmss",
            "azurerm_subnet.www_web2",
            "azurerm_virtual_network.www_vnet0",
            "azurerm_virtual_network.www_vnet1",
            "null_resource.www_web2_deallocate"
          ]
        }
      ]
    },
    {
      "mode": "managed",
      "type": "azurerm_monitor_diagnostic_setting",
      "name": "mysql_audit",
      "provider": "provider[\"registry.terraform.io/hashicorp/azurerm\"]",
      "instances": [
        {
          "schema_version": 0,
          "attributes": {
            "enabled_log": [
              {
                "category": "",
                "category_group": "audit",
                "retention_policy": []
              }
            ],
            "enabled_metric": [],
            "eventhub_authorization_rule_id": "",
            "eventhub_name": "",
            "id": "/subscriptions/99b79efe-ebd6-468c-b39f-5669acb259e1/resourceGroups/04-T1-www/providers/Microsoft.DBforMySQL/flexibleServers/www-mysql-server-w4y9|mysql-audit-logs",
            "log_analytics_destination_type": "AzureDiagnostics",
            "log_analytics_workspace_id": "/subscriptions/99b79efe-ebd6-468c-b39f-5669acb259e1/resourceGroups/04-T1-www/providers/Microsoft.OperationalInsights/workspaces/www-log-analytics",
            "metric": [
              {
                "category": "AllMetrics",
                "enabled": false,
                "retention_policy": [
                  {
                    "days": 0,
                    "enabled": false
                  }
                ]
              }
            ],
            "name": "mysql-audit-logs",
            "partner_solution_id": null,
            "storage_account_id": null,
            "target_resource_id": "/subscriptions/99b79efe-ebd6-468c-b39f-5669acb259e1/resourceGroups/04-T1-www/providers/Microsoft.DBforMySQL/flexibleServers/www-mysql-server-w4y9",
            "timeouts": null
          },
          "sensitive_attributes": [],
          "identity_schema_version": 0,
          "private": "eyJlMmJmYjczMC1lY2FhLTExZTYtOGY4OC0zNDM2M2JjN2M0YzAiOnsiY3JlYXRlIjoxODAwMDAwMDAwMDAwLCJkZWxldGUiOjM2MDAwMDAwMDAwMDAsInJlYWQiOjMwMDAwMDAwMDAwMCwidXBkYXRlIjoxODAwMDAwMDAwMDAwfX0=",
          "dependencies": [
            "azurerm_log_analytics_workspace.log",
            "azurerm_mysql_flexible_server.www_mysql",
            "azurerm_resource_group.www_rg",
            "random_string.mysql_suffix"
          ]
        }
      ]
    },
    {
      "mode": "managed",
      "type": "azurerm_mysql_flexible_database",
      "name": "www_db",
      "provider": "provider[\"registry.terraform.io/hashicorp/azurerm\"]",
      "instances": [
        {
          "schema_version": 0,
          "attributes": {
            "charset": "utf8mb3",
            "collation": "utf8mb3_general_ci",
            "id": "/subscriptions/99b79efe-ebd6-468c-b39f-5669acb259e1/resourceGroups/04-T1-www/providers/Microsoft.DBforMySQL/flexibleServers/www-mysql-server-w4y9/databases/wordpress",
            "name": "wordpress",
            "resource_group_name": "04-T1-www",
            "server_name": "www-mysql-server-w4y9",
            "timeouts": null
          },
          "sensitive_attributes": [],
          "identity_schema_version": 0,
          "private": "eyJlMmJmYjczMC1lY2FhLTExZTYtOGY4OC0zNDM2M2JjN2M0YzAiOnsiY3JlYXRlIjozNjAwMDAwMDAwMDAwLCJkZWxldGUiOjM2MDAwMDAwMDAwMDAsInJlYWQiOjMwMDAwMDAwMDAwMH19",
          "dependencies": [
            "azurerm_mysql_flexible_server.www_mysql",
            "azurerm_resource_group.www_rg",
            "random_string.mysql_suffix"
          ]
        }
      ]
    },
    {
      "mode": "managed",
      "type": "azurerm_mysql_flexible_server",
      "name": "www_mysql",
      "provider": "provider[\"registry.terraform.io/hashicorp/azurerm\"]",
      "instances": [
        {
          "schema_version": 0,
          "attributes": {
            "administrator_login": "www",
            "administrator_password": "It12345!",
            "administrator_password_wo": null,
            "administrator_password_wo_version": 0,
            "backup_retention_days": 35,
            "create_mode": null,
            "customer_managed_key": [],
            "delegated_subnet_id": "",
            "fqdn": "www-mysql-server-w4y9.mysql.database.azure.com",
            "geo_redundant_backup_enabled": false,
            "high_availability": [
              {
                "mode": "ZoneRedundant",
                "standby_availability_zone": "2"
              }
            ],
            "id": "/subscriptions/99b79efe-ebd6-468c-b39f-5669acb259e1/resourceGroups/04-T1-www/providers/Microsoft.DBforMySQL/flexibleServers/www-mysql-server-w4y9",
            "identity": [],
            "location": "koreacentral",
            "maintenance_window": [],
            "name": "www-mysql-server-w4y9",
            "point_in_time_restore_time_in_utc": null,
            "private_dns_zone_id": "",
            "public_network_access": "Enabled",
            "public_network_access_enabled": true,
            "replica_capacity": 10,
            "replication_role": "None",
            "resource_group_name": "04-T1-www",
            "sku_name": "GP_Standard_D4ds_v4",
            "source_server_id": "",
            "storage": [
              {
                "auto_grow_enabled": true,
                "io_scaling_enabled": false,
                "iops": 360,
                "log_on_disk_enabled": false,
                "size_gb": 20
              }
            ],
            "tags": null,
            "timeouts": null,
            "version": "8.0.21",
            "zone": "1"
          },
          "sensitive_attributes": [
            [
              {
                "type": "get_attr",
                "value": "administrator_password"
              }
            ]
          ],
          "identity_schema_version": 0,
          "private": "eyJlMmJmYjczMC1lY2FhLTExZTYtOGY4OC0zNDM2M2JjN2M0YzAiOnsiY3JlYXRlIjo3MjAwMDAwMDAwMDAwLCJkZWxldGUiOjM2MDAwMDAwMDAwMDAsInJlYWQiOjMwMDAwMDAwMDAwMCwidXBkYXRlIjo3MjAwMDAwMDAwMDAwfX0=",
          "dependencies": [
            "azurerm_resource_group.www_rg",
            "random_string.mysql_suffix"
          ]
        }
      ]
    },
    {
      "mode": "managed",
      "type": "azurerm_mysql_flexible_server",
      "name": "www_replica",
      "provider": "provider[\"registry.terraform.io/hashicorp/azurerm\"]",
      "instances": [
        {
          "schema_version": 0,
          "attributes": {
            "administrator_login": "www",
            "administrator_password": "It12345!",
            "administrator_password_wo": null,
            "administrator_password_wo_version": 0,
            "backup_retention_days": 7,
            "create_mode": "Replica",
            "customer_managed_key": [],
            "delegated_subnet_id": "",
            "fqdn": "www-mysql-replica-1-mv.mysql.database.azure.com",
            "geo_redundant_backup_enabled": false,
            "high_availability": [],
            "id": "/subscriptions/99b79efe-ebd6-468c-b39f-5669acb259e1/resourceGroups/04-T1-www/providers/Microsoft.DBforMySQL/flexibleServers/www-mysql-replica-1-mv",
            "identity": [],
            "location": "koreacentral",
            "maintenance_window": [],
            "name": "www-mysql-replica-1-mv",
            "point_in_time_restore_time_in_utc": null,
            "private_dns_zone_id": "",
            "public_network_access": "Enabled",
            "public_network_access_enabled": true,
            "replica_capacity": 0,
            "replication_role": "Replica",
            "resource_group_name": "04-T1-www",
            "sku_name": "GP_Standard_D2ds_v4",
            "source_server_id": "/subscriptions/99b79efe-ebd6-468c-b39f-5669acb259e1/resourceGroups/04-T1-www/providers/Microsoft.DBforMySQL/flexibleServers/www-mysql-server-w4y9",
            "storage": [
              {
                "auto_grow_enabled": true,
                "io_scaling_enabled": false,
                "iops": 360,
                "log_on_disk_enabled": false,
                "size_gb": 20
              }
            ],
            "tags": null,
            "timeouts": null,
            "version": "8.0.21",
            "zone": "2"
          },
          "sensitive_attributes": [
            [
              {
                "type": "get_attr",
                "value": "administrator_password"
              }
            ]
          ],
          "identity_schema_version": 0,
          "private": "eyJlMmJmYjczMC1lY2FhLTExZTYtOGY4OC0zNDM2M2JjN2M0YzAiOnsiY3JlYXRlIjo3MjAwMDAwMDAwMDAwLCJkZWxldGUiOjM2MDAwMDAwMDAwMDAsInJlYWQiOjMwMDAwMDAwMDAwMCwidXBkYXRlIjo3MjAwMDAwMDAwMDAwfX0=",
          "dependencies": [
            "azurerm_mysql_flexible_server.www_mysql",
            "azurerm_resource_group.www_rg",
            "random_string.mysql_suffix",
            "random_string.replica_suffix",
            "time_sleep.wait_for_primary"
          ]
        }
      ]
    },
    {
      "mode": "managed",
      "type": "azurerm_mysql_flexible_server",
      "name": "www_replica_2",
      "provider": "provider[\"registry.terraform.io/hashicorp/azurerm\"]",
      "instances": [
        {
          "schema_version": 0,
          "attributes": {
            "administrator_login": "www",
            "administrator_password": "It12345!",
            "administrator_password_wo": null,
            "administrator_password_wo_version": 0,
            "backup_retention_days": 7,
            "create_mode": "Replica",
            "customer_managed_key": [],
            "delegated_subnet_id": "",
            "fqdn": "www-mysql-replica-2-mv.mysql.database.azure.com",
            "geo_redundant_backup_enabled": false,
            "high_availability": [],
            "id": "/subscriptions/99b79efe-ebd6-468c-b39f-5669acb259e1/resourceGroups/04-T1-www/providers/Microsoft.DBforMySQL/flexibleServers/www-mysql-replica-2-mv",
            "identity": [],
            "location": "koreacentral",
            "maintenance_window": [],
            "name": "www-mysql-replica-2-mv",
            "point_in_time_restore_time_in_utc": null,
            "private_dns_zone_id": "",
            "public_network_access": "Enabled",
            "public_network_access_enabled": true,
            "replica_capacity": 0,
            "replication_role": "Replica",
            "resource_group_name": "04-T1-www",
            "sku_name": "GP_Standard_D2ds_v4",
            "source_server_id": "/subscriptions/99b79efe-ebd6-468c-b39f-5669acb259e1/resourceGroups/04-T1-www/providers/Microsoft.DBforMySQL/flexibleServers/www-mysql-server-w4y9",
            "storage": [
              {
                "auto_grow_enabled": true,
                "io_scaling_enabled": false,
                "iops": 360,
                "log_on_disk_enabled": false,
                "size_gb": 20
              }
            ],
            "tags": null,
            "timeouts": null,
            "version": "8.0.21",
            "zone": "1"
          },
          "sensitive_attributes": [
            [
              {
                "type": "get_attr",
                "value": "administrator_password"
              }
            ]
          ],
          "identity_schema_version": 0,
          "private": "eyJlMmJmYjczMC1lY2FhLTExZTYtOGY4OC0zNDM2M2JjN2M0YzAiOnsiY3JlYXRlIjo3MjAwMDAwMDAwMDAwLCJkZWxldGUiOjM2MDAwMDAwMDAwMDAsInJlYWQiOjMwMDAwMDAwMDAwMCwidXBkYXRlIjo3MjAwMDAwMDAwMDAwfX0=",
          "dependencies": [
            "azurerm_mysql_flexible_server.www_mysql",
            "azurerm_resource_group.www_rg",
            "random_string.mysql_suffix",
            "random_string.replica_suffix",
            "time_sleep.wait_for_primary"
          ]
        }
      ]
    },
    {
      "mode": "managed",
      "type": "azurerm_mysql_flexible_server_configuration",
      "name": "no_ssl",
      "provider": "provider[\"registry.terraform.io/hashicorp/azurerm\"]",
      "instances": [
        {
          "schema_version": 0,
          "attributes": {
            "id": "/subscriptions/99b79efe-ebd6-468c-b39f-5669acb259e1/resourceGroups/04-T1-www/providers/Microsoft.DBforMySQL/flexibleServers/www-mysql-server-w4y9/configurations/require_secure_transport",
            "name": "require_secure_transport",
            "resource_group_name": "04-T1-www",
            "server_name": "www-mysql-server-w4y9",
            "timeouts": null,
            "value": "OFF"
          },
          "sensitive_attributes": [],
          "identity_schema_version": 0,
          "private": "eyJlMmJmYjczMC1lY2FhLTExZTYtOGY4OC0zNDM2M2JjN2M0YzAiOnsiY3JlYXRlIjoxODAwMDAwMDAwMDAwLCJkZWxldGUiOjE4MDAwMDAwMDAwMDAsInJlYWQiOjMwMDAwMDAwMDAwMCwidXBkYXRlIjoxODAwMDAwMDAwMDAwfX0=",
          "dependencies": [
            "azurerm_mysql_flexible_server.www_mysql",
            "azurerm_resource_group.www_rg",
            "random_string.mysql_suffix"
          ]
        }
      ]
    },
    {
      "mode": "managed",
      "type": "azurerm_mysql_flexible_server_configuration",
      "name": "www_audit",
      "provider": "provider[\"registry.terraform.io/hashicorp/azurerm\"]",
      "instances": [
        {
          "schema_version": 0,
          "attributes": {
            "id": "/subscriptions/99b79efe-ebd6-468c-b39f-5669acb259e1/resourceGroups/04-T1-www/providers/Microsoft.DBforMySQL/flexibleServers/www-mysql-server-w4y9/configurations/audit_log_enabled",
            "name": "audit_log_enabled",
            "resource_group_name": "04-T1-www",
            "server_name": "www-mysql-server-w4y9",
            "timeouts": null,
            "value": "ON"
          },
          "sensitive_attributes": [],
          "identity_schema_version": 0,
          "private": "eyJlMmJmYjczMC1lY2FhLTExZTYtOGY4OC0zNDM2M2JjN2M0YzAiOnsiY3JlYXRlIjoxODAwMDAwMDAwMDAwLCJkZWxldGUiOjE4MDAwMDAwMDAwMDAsInJlYWQiOjMwMDAwMDAwMDAwMCwidXBkYXRlIjoxODAwMDAwMDAwMDAwfX0=",
          "dependencies": [
            "azurerm_mysql_flexible_server.www_mysql",
            "azurerm_resource_group.www_rg",
            "random_string.mysql_suffix"
          ]
        }
      ]
    },
    {
      "mode": "managed",
      "type": "azurerm_mysql_flexible_server_configuration",
      "name": "www_audit_events",
      "provider": "provider[\"registry.terraform.io/hashicorp/azurerm\"]",
      "instances": [
        {
          "schema_version": 0,
          "attributes": {
            "id": "/subscriptions/99b79efe-ebd6-468c-b39f-5669acb259e1/resourceGroups/04-T1-www/providers/Microsoft.DBforMySQL/flexibleServers/www-mysql-server-w4y9/configurations/audit_log_events",
            "name": "audit_log_events",
            "resource_group_name": "04-T1-www",
            "server_name": "www-mysql-server-w4y9",
            "timeouts": null,
            "value": "CONNECTION,DDL,DML_SELECT"
          },
          "sensitive_attributes": [],
          "identity_schema_version": 0,
          "private": "eyJlMmJmYjczMC1lY2FhLTExZTYtOGY4OC0zNDM2M2JjN2M0YzAiOnsiY3JlYXRlIjoxODAwMDAwMDAwMDAwLCJkZWxldGUiOjE4MDAwMDAwMDAwMDAsInJlYWQiOjMwMDAwMDAwMDAwMCwidXBkYXRlIjoxODAwMDAwMDAwMDAwfX0=",
          "dependencies": [
            "azurerm_mysql_flexible_server.www_mysql",
            "azurerm_resource_group.www_rg",
            "random_string.mysql_suffix"
          ]
        }
      ]
    },
    {
      "mode": "managed",
      "type": "azurerm_mysql_flexible_server_firewall_rule",
      "name": "allow_azure_services",
      "provider": "provider[\"registry.terraform.io/hashicorp/azurerm\"]",
      "instances": [
        {
          "schema_version": 0,
          "attributes": {
            "end_ip_address": "0.0.0.0",
            "id": "/subscriptions/99b79efe-ebd6-468c-b39f-5669acb259e1/resourceGroups/04-T1-www/providers/Microsoft.DBforMySQL/flexibleServers/www-mysql-server-w4y9/firewallRules/allow-azure-services",
            "name": "allow-azure-services",
            "resource_group_name": "04-T1-www",
            "server_name": "www-mysql-server-w4y9",
            "start_ip_address": "0.0.0.0",
            "timeouts": null
          },
          "sensitive_attributes": [],
          "identity_schema_version": 0,
          "private": "eyJlMmJmYjczMC1lY2FhLTExZTYtOGY4OC0zNDM2M2JjN2M0YzAiOnsiY3JlYXRlIjoxODAwMDAwMDAwMDAwLCJkZWxldGUiOjE4MDAwMDAwMDAwMDAsInJlYWQiOjMwMDAwMDAwMDAwMCwidXBkYXRlIjoxODAwMDAwMDAwMDAwfX0=",
          "dependencies": [
            "azurerm_mysql_flexible_server.www_mysql",
            "azurerm_resource_group.www_rg",
            "random_string.mysql_suffix"
          ]
        }
      ]
    },
    {
      "mode": "managed",
      "type": "azurerm_mysql_flexible_server_firewall_rule",
      "name": "allow_class_ip",
      "provider": "provider[\"registry.terraform.io/hashicorp/azurerm\"]",
      "instances": [
        {
          "schema_version": 0,
          "attributes": {
            "end_ip_address": "61.108.60.26",
            "id": "/subscriptions/99b79efe-ebd6-468c-b39f-5669acb259e1/resourceGroups/04-T1-www/providers/Microsoft.DBforMySQL/flexibleServers/www-mysql-server-w4y9/firewallRules/allow-class-ip",
            "name": "allow-class-ip",
            "resource_group_name": "04-T1-www",
            "server_name": "www-mysql-server-w4y9",
            "start_ip_address": "61.108.60.26",
            "timeouts": null
          },
          "sensitive_attributes": [],
          "identity_schema_version": 0,
          "private": "eyJlMmJmYjczMC1lY2FhLTExZTYtOGY4OC0zNDM2M2JjN2M0YzAiOnsiY3JlYXRlIjoxODAwMDAwMDAwMDAwLCJkZWxldGUiOjE4MDAwMDAwMDAwMDAsInJlYWQiOjMwMDAwMDAwMDAwMCwidXBkYXRlIjoxODAwMDAwMDAwMDAwfX0=",
          "dependencies": [
            "azurerm_mysql_flexible_server.www_mysql",
            "azurerm_resource_group.www_rg",
            "random_string.mysql_suffix"
          ]
        }
      ]
    },
    {
      "mode": "managed",
      "type": "azurerm_nat_gateway",
      "name": "www_nat",
      "provider": "provider[\"registry.terraform.io/hashicorp/azurerm\"]",
      "instances": [
        {
          "schema_version": 0,
          "attributes": {
            "id": "/subscriptions/99b79efe-ebd6-468c-b39f-5669acb259e1/resourceGroups/04-T1-www/providers/Microsoft.Network/natGateways/www-nat",
            "idle_timeout_in_minutes": 4,
            "location": "koreacentral",
            "name": "www-nat",
            "resource_group_name": "04-T1-www",
            "resource_guid": "3454d84a-688a-4fb0-8620-0a940f760ff0",
            "sku_name": "Standard",
            "tags": {},
            "timeouts": null,
            "zones": []
          },
          "sensitive_attributes": [],
          "identity_schema_version": 0,
          "identity": {
            "name": "www-nat",
            "resource_group_name": "04-T1-www",
            "subscription_id": "99b79efe-ebd6-468c-b39f-5669acb259e1"
          },
          "private": "eyJlMmJmYjczMC1lY2FhLTExZTYtOGY4OC0zNDM2M2JjN2M0YzAiOnsiY3JlYXRlIjozNjAwMDAwMDAwMDAwLCJkZWxldGUiOjM2MDAwMDAwMDAwMDAsInJlYWQiOjMwMDAwMDAwMDAwMCwidXBkYXRlIjozNjAwMDAwMDAwMDAwfX0=",
          "dependencies": [
            "azurerm_resource_group.www_rg"
          ]
        }
      ]
    },
    {
      "mode": "managed",
      "type": "azurerm_nat_gateway",
      "name": "www_nat_v1",
      "provider": "provider[\"registry.terraform.io/hashicorp/azurerm\"]",
      "instances": [
        {
          "schema_version": 0,
          "attributes": {
            "id": "/subscriptions/99b79efe-ebd6-468c-b39f-5669acb259e1/resourceGroups/04-T1-www/providers/Microsoft.Network/natGateways/www-nat-v1",
            "idle_timeout_in_minutes": 4,
            "location": "koreasouth",
            "name": "www-nat-v1",
            "resource_group_name": "04-T1-www",
            "resource_guid": "4be2cccd-9425-403b-a241-2cea21f22c09",
            "sku_name": "Standard",
            "tags": {},
            "timeouts": null,
            "zones": []
          },
          "sensitive_attributes": [],
          "identity_schema_version": 0,
          "identity": {
            "name": "www-nat-v1",
            "resource_group_name": "04-T1-www",
            "subscription_id": "99b79efe-ebd6-468c-b39f-5669acb259e1"
          },
          "private": "eyJlMmJmYjczMC1lY2FhLTExZTYtOGY4OC0zNDM2M2JjN2M0YzAiOnsiY3JlYXRlIjozNjAwMDAwMDAwMDAwLCJkZWxldGUiOjM2MDAwMDAwMDAwMDAsInJlYWQiOjMwMDAwMDAwMDAwMCwidXBkYXRlIjozNjAwMDAwMDAwMDAwfX0=",
          "dependencies": [
            "azurerm_resource_group.www_rg"
          ]
        }
      ]
    },
    {
      "mode": "managed",
      "type": "azurerm_nat_gateway_public_ip_association",
      "name": "www_nat_pubip",
      "provider": "provider[\"registry.terraform.io/hashicorp/azurerm\"]",
      "instances": [
        {
          "schema_version": 0,
          "attributes": {
            "id": "/subscriptions/99b79efe-ebd6-468c-b39f-5669acb259e1/resourceGroups/04-T1-www/providers/Microsoft.Network/natGateways/www-nat|/subscriptions/99b79efe-ebd6-468c-b39f-5669acb259e1/resourceGroups/04-T1-www/providers/Microsoft.Network/publicIPAddresses/www-natip",
            "nat_gateway_id": "/subscriptions/99b79efe-ebd6-468c-b39f-5669acb259e1/resourceGroups/04-T1-www/providers/Microsoft.Network/natGateways/www-nat",
            "public_ip_address_id": "/subscriptions/99b79efe-ebd6-468c-b39f-5669acb259e1/resourceGroups/04-T1-www/providers/Microsoft.Network/publicIPAddresses/www-natip",
            "timeouts": null
          },
          "sensitive_attributes": [],
          "identity_schema_version": 0,
          "private": "eyJlMmJmYjczMC1lY2FhLTExZTYtOGY4OC0zNDM2M2JjN2M0YzAiOnsiY3JlYXRlIjoxODAwMDAwMDAwMDAwLCJkZWxldGUiOjE4MDAwMDAwMDAwMDAsInJlYWQiOjMwMDAwMDAwMDAwMH19",
          "dependencies": [
            "azurerm_nat_gateway.www_nat",
            "azurerm_public_ip.www_natip",
            "azurerm_resource_group.www_rg"
          ]
        }
      ]
    },
    {
      "mode": "managed",
      "type": "azurerm_nat_gateway_public_ip_association",
      "name": "www_nat_v1_pubip",
      "provider": "provider[\"registry.terraform.io/hashicorp/azurerm\"]",
      "instances": [
        {
          "schema_version": 0,
          "attributes": {
            "id": "/subscriptions/99b79efe-ebd6-468c-b39f-5669acb259e1/resourceGroups/04-T1-www/providers/Microsoft.Network/natGateways/www-nat-v1|/subscriptions/99b79efe-ebd6-468c-b39f-5669acb259e1/resourceGroups/04-T1-www/providers/Microsoft.Network/publicIPAddresses/www-natip-v1",
            "nat_gateway_id": "/subscriptions/99b79efe-ebd6-468c-b39f-5669acb259e1/resourceGroups/04-T1-www/providers/Microsoft.Network/natGateways/www-nat-v1",
            "public_ip_address_id": "/subscriptions/99b79efe-ebd6-468c-b39f-5669acb259e1/resourceGroups/04-T1-www/providers/Microsoft.Network/publicIPAddresses/www-natip-v1",
            "timeouts": null
          },
          "sensitive_attributes": [],
          "identity_schema_version": 0,
          "private": "eyJlMmJmYjczMC1lY2FhLTExZTYtOGY4OC0zNDM2M2JjN2M0YzAiOnsiY3JlYXRlIjoxODAwMDAwMDAwMDAwLCJkZWxldGUiOjE4MDAwMDAwMDAwMDAsInJlYWQiOjMwMDAwMDAwMDAwMH19",
          "dependencies": [
            "azurerm_nat_gateway.www_nat_v1",
            "azurerm_public_ip.www_natip_v1",
            "azurerm_resource_group.www_rg"
          ]
        }
      ]
    },
    {
      "mode": "managed",
      "type": "azurerm_network_interface",
      "name": "www_bas_nic",
      "provider": "provider[\"registry.terraform.io/hashicorp/azurerm\"]",
      "instances": [
        {
          "schema_version": 0,
          "attributes": {
            "accelerated_networking_enabled": false,
            "applied_dns_servers": [],
            "auxiliary_mode": "",
            "auxiliary_sku": "",
            "dns_servers": [],
            "edge_zone": "",
            "id": "/subscriptions/99b79efe-ebd6-468c-b39f-5669acb259e1/resourceGroups/04-T1-www/providers/Microsoft.Network/networkInterfaces/www-bas-nic",
            "internal_dns_name_label": "",
            "internal_domain_name_suffix": "ids23gojdk1utfqm3evug4h4vd.syx.internal.cloudapp.net",
            "ip_configuration": [
              {
                "gateway_load_balancer_frontend_ip_configuration_id": "",
                "name": "www-bas-nic-ipconf",
                "primary": true,
                "private_ip_address": "10.0.0.4",
                "private_ip_address_allocation": "Static",
                "private_ip_address_version": "IPv4",
                "public_ip_address_id": "/subscriptions/99b79efe-ebd6-468c-b39f-5669acb259e1/resourceGroups/04-T1-www/providers/Microsoft.Network/publicIPAddresses/www-pubip",
                "subnet_id": "/subscriptions/99b79efe-ebd6-468c-b39f-5669acb259e1/resourceGroups/04-T1-www/providers/Microsoft.Network/virtualNetworks/www-vnet0/subnets/www-bas"
              }
            ],
            "ip_forwarding_enabled": false,
            "location": "koreacentral",
            "mac_address": "00-22-48-CD-83-C2",
            "name": "www-bas-nic",
            "private_ip_address": "10.0.0.4",
            "private_ip_addresses": [
              "10.0.0.4"
            ],
            "resource_group_name": "04-T1-www",
            "tags": {},
            "timeouts": null,
            "virtual_machine_id": "/subscriptions/99b79efe-ebd6-468c-b39f-5669acb259e1/resourceGroups/04-T1-www/providers/Microsoft.Compute/virtualMachines/www-basvm"
          },
          "sensitive_attributes": [],
          "identity_schema_version": 0,
          "identity": {
            "name": "www-bas-nic",
            "resource_group_name": "04-T1-www",
            "subscription_id": "99b79efe-ebd6-468c-b39f-5669acb259e1"
          },
          "private": "eyJlMmJmYjczMC1lY2FhLTExZTYtOGY4OC0zNDM2M2JjN2M0YzAiOnsiY3JlYXRlIjoxODAwMDAwMDAwMDAwLCJkZWxldGUiOjE4MDAwMDAwMDAwMDAsInJlYWQiOjMwMDAwMDAwMDAwMCwidXBkYXRlIjoxODAwMDAwMDAwMDAwfX0=",
          "dependencies": [
            "azurerm_public_ip.www_basip",
            "azurerm_resource_group.www_rg",
            "azurerm_subnet.www_bas",
            "azurerm_virtual_network.www_vnet0"
          ]
        }
      ]
    },
    {
      "mode": "managed",
      "type": "azurerm_network_interface",
      "name": "www_db_nic",
      "provider": "provider[\"registry.terraform.io/hashicorp/azurerm\"]",
      "instances": [
        {
          "schema_version": 0,
          "attributes": {
            "accelerated_networking_enabled": false,
            "applied_dns_servers": [],
            "auxiliary_mode": "",
            "auxiliary_sku": "",
            "dns_servers": [],
            "edge_zone": "",
            "id": "/subscriptions/99b79efe-ebd6-468c-b39f-5669acb259e1/resourceGroups/04-T1-www/providers/Microsoft.Network/networkInterfaces/www-db-nic",
            "internal_dns_name_label": "",
            "internal_domain_name_suffix": "ids23gojdk1utfqm3evug4h4vd.syx.internal.cloudapp.net",
            "ip_configuration": [
              {
                "gateway_load_balancer_frontend_ip_configuration_id": "",
                "name": "www-db-nic-ipconf",
                "primary": true,
                "private_ip_address": "10.0.4.4",
                "private_ip_address_allocation": "Static",
                "private_ip_address_version": "IPv4",
                "public_ip_address_id": "",
                "subnet_id": "/subscriptions/99b79efe-ebd6-468c-b39f-5669acb259e1/resourceGroups/04-T1-www/providers/Microsoft.Network/virtualNetworks/www-vnet0/subnets/www-db"
              }
            ],
            "ip_forwarding_enabled": false,
            "location": "koreacentral",
            "mac_address": "00-22-48-6C-CE-B1",
            "name": "www-db-nic",
            "private_ip_address": "10.0.4.4",
            "private_ip_addresses": [
              "10.0.4.4"
            ],
            "resource_group_name": "04-T1-www",
            "tags": {},
            "timeouts": null,
            "virtual_machine_id": "/subscriptions/99b79efe-ebd6-468c-b39f-5669acb259e1/resourceGroups/04-T1-www/providers/Microsoft.Compute/virtualMachines/www-dbvm"
          },
          "sensitive_attributes": [],
          "identity_schema_version": 0,
          "identity": {
            "name": "www-db-nic",
            "resource_group_name": "04-T1-www",
            "subscription_id": "99b79efe-ebd6-468c-b39f-5669acb259e1"
          },
          "private": "eyJlMmJmYjczMC1lY2FhLTExZTYtOGY4OC0zNDM2M2JjN2M0YzAiOnsiY3JlYXRlIjoxODAwMDAwMDAwMDAwLCJkZWxldGUiOjE4MDAwMDAwMDAwMDAsInJlYWQiOjMwMDAwMDAwMDAwMCwidXBkYXRlIjoxODAwMDAwMDAwMDAwfX0=",
          "dependencies": [
            "azurerm_resource_group.www_rg",
            "azurerm_subnet.www_db",
            "azurerm_virtual_network.www_vnet0"
          ]
        }
      ]
    },
    {
      "mode": "managed",
      "type": "azurerm_network_interface",
      "name": "www_web1_nic",
      "provider": "provider[\"registry.terraform.io/hashicorp/azurerm\"]",
      "instances": [
        {
          "schema_version": 0,
          "attributes": {
            "accelerated_networking_enabled": false,
            "applied_dns_servers": [],
            "auxiliary_mode": "",
            "auxiliary_sku": "",
            "dns_servers": [],
            "edge_zone": "",
            "id": "/subscriptions/99b79efe-ebd6-468c-b39f-5669acb259e1/resourceGroups/04-T1-www/providers/Microsoft.Network/networkInterfaces/www-web1-nic",
            "internal_dns_name_label": "",
            "internal_domain_name_suffix": "ids23gojdk1utfqm3evug4h4vd.syx.internal.cloudapp.net",
            "ip_configuration": [
              {
                "gateway_load_balancer_frontend_ip_configuration_id": "",
                "name": "www-web1-nic-ipconf",
                "primary": true,
                "private_ip_address": "10.0.2.4",
                "private_ip_address_allocation": "Static",
                "private_ip_address_version": "IPv4",
                "public_ip_address_id": "",
                "subnet_id": "/subscriptions/99b79efe-ebd6-468c-b39f-5669acb259e1/resourceGroups/04-T1-www/providers/Microsoft.Network/virtualNetworks/www-vnet0/subnets/www-web1"
              }
            ],
            "ip_forwarding_enabled": false,
            "location": "koreacentral",
            "mac_address": "60-45-BD-47-7A-FC",
            "name": "www-web1-nic",
            "private_ip_address": "10.0.2.4",
            "private_ip_addresses": [
              "10.0.2.4"
            ],
            "resource_group_name": "04-T1-www",
            "tags": {},
            "timeouts": null,
            "virtual_machine_id": "/subscriptions/99b79efe-ebd6-468c-b39f-5669acb259e1/resourceGroups/04-T1-www/providers/Microsoft.Compute/virtualMachines/www-web1vm"
          },
          "sensitive_attributes": [],
          "identity_schema_version": 0,
          "identity": {
            "name": "www-web1-nic",
            "resource_group_name": "04-T1-www",
            "subscription_id": "99b79efe-ebd6-468c-b39f-5669acb259e1"
          },
          "private": "eyJlMmJmYjczMC1lY2FhLTExZTYtOGY4OC0zNDM2M2JjN2M0YzAiOnsiY3JlYXRlIjoxODAwMDAwMDAwMDAwLCJkZWxldGUiOjE4MDAwMDAwMDAwMDAsInJlYWQiOjMwMDAwMDAwMDAwMCwidXBkYXRlIjoxODAwMDAwMDAwMDAwfX0=",
          "dependencies": [
            "azurerm_resource_group.www_rg",
            "azurerm_subnet.www_web1",
            "azurerm_virtual_network.www_vnet0"
          ]
        }
      ]
    },
    {
      "mode": "managed",
      "type": "azurerm_network_interface",
      "name": "www_web1_v1_nic",
      "provider": "provider[\"registry.terraform.io/hashicorp/azurerm\"]",
      "instances": [
        {
          "schema_version": 0,
          "attributes": {
            "accelerated_networking_enabled": false,
            "applied_dns_servers": [],
            "auxiliary_mode": "",
            "auxiliary_sku": "",
            "dns_servers": [],
            "edge_zone": "",
            "id": "/subscriptions/99b79efe-ebd6-468c-b39f-5669acb259e1/resourceGroups/04-T1-www/providers/Microsoft.Network/networkInterfaces/wwwweb1-v1-nic",
            "internal_dns_name_label": "",
            "internal_domain_name_suffix": "ygritugm0ivelmsx2dlp5b15bb.psx.internal.cloudapp.net",
            "ip_configuration": [
              {
                "gateway_load_balancer_frontend_ip_configuration_id": "",
                "name": "www-web1-v1-nic-ipconf",
                "primary": true,
                "private_ip_address": "192.168.2.4",
                "private_ip_address_allocation": "Static",
                "private_ip_address_version": "IPv4",
                "public_ip_address_id": "",
                "subnet_id": "/subscriptions/99b79efe-ebd6-468c-b39f-5669acb259e1/resourceGroups/04-T1-www/providers/Microsoft.Network/virtualNetworks/www-vnet1/subnets/www-web1-v1"
              }
            ],
            "ip_forwarding_enabled": false,
            "location": "koreasouth",
            "mac_address": "00-22-48-FC-BC-56",
            "name": "wwwweb1-v1-nic",
            "private_ip_address": "192.168.2.4",
            "private_ip_addresses": [
              "192.168.2.4"
            ],
            "resource_group_name": "04-T1-www",
            "tags": {},
            "timeouts": null,
            "virtual_machine_id": "/subscriptions/99b79efe-ebd6-468c-b39f-5669acb259e1/resourceGroups/04-T1-www/providers/Microsoft.Compute/virtualMachines/www-vnet1-web1vm"
          },
          "sensitive_attributes": [],
          "identity_schema_version": 0,
          "identity": {
            "name": "wwwweb1-v1-nic",
            "resource_group_name": "04-T1-www",
            "subscription_id": "99b79efe-ebd6-468c-b39f-5669acb259e1"
          },
          "private": "eyJlMmJmYjczMC1lY2FhLTExZTYtOGY4OC0zNDM2M2JjN2M0YzAiOnsiY3JlYXRlIjoxODAwMDAwMDAwMDAwLCJkZWxldGUiOjE4MDAwMDAwMDAwMDAsInJlYWQiOjMwMDAwMDAwMDAwMCwidXBkYXRlIjoxODAwMDAwMDAwMDAwfX0=",
          "dependencies": [
            "azurerm_resource_group.www_rg",
            "azurerm_subnet.www_web1_v1",
            "azurerm_virtual_network.www_vnet1"
          ]
        }
      ]
    },
    {
      "mode": "managed",
      "type": "azurerm_network_interface",
      "name": "www_web2_nic",
      "provider": "provider[\"registry.terraform.io/hashicorp/azurerm\"]",
      "instances": [
        {
          "schema_version": 0,
          "attributes": {
            "accelerated_networking_enabled": false,
            "applied_dns_servers": [],
            "auxiliary_mode": "",
            "auxiliary_sku": "",
            "dns_servers": [],
            "edge_zone": "",
            "id": "/subscriptions/99b79efe-ebd6-468c-b39f-5669acb259e1/resourceGroups/04-T1-www/providers/Microsoft.Network/networkInterfaces/www-web2-nic",
            "internal_dns_name_label": "",
            "internal_domain_name_suffix": "ids23gojdk1utfqm3evug4h4vd.syx.internal.cloudapp.net",
            "ip_configuration": [
              {
                "gateway_load_balancer_frontend_ip_configuration_id": "",
                "name": "www-web2-nic-ipconf",
                "primary": true,
                "private_ip_address": "10.0.3.4",
                "private_ip_address_allocation": "Static",
                "private_ip_address_version": "IPv4",
                "public_ip_address_id": "",
                "subnet_id": "/subscriptions/99b79efe-ebd6-468c-b39f-5669acb259e1/resourceGroups/04-T1-www/providers/Microsoft.Network/virtualNetworks/www-vnet0/subnets/www-web2"
              }
            ],
            "ip_forwarding_enabled": false,
            "location": "koreacentral",
            "mac_address": "00-0D-3A-D7-09-2F",
            "name": "www-web2-nic",
            "private_ip_address": "10.0.3.4",
            "private_ip_addresses": [
              "10.0.3.4"
            ],
            "resource_group_name": "04-T1-www",
            "tags": {},
            "timeouts": null,
            "virtual_machine_id": "/subscriptions/99b79efe-ebd6-468c-b39f-5669acb259e1/resourceGroups/04-T1-www/providers/Microsoft.Compute/virtualMachines/www-web2vm"
          },
          "sensitive_attributes": [],
          "identity_schema_version": 0,
          "identity": {
            "name": "www-web2-nic",
            "resource_group_name": "04-T1-www",
            "subscription_id": "99b79efe-ebd6-468c-b39f-5669acb259e1"
          },
          "private": "eyJlMmJmYjczMC1lY2FhLTExZTYtOGY4OC0zNDM2M2JjN2M0YzAiOnsiY3JlYXRlIjoxODAwMDAwMDAwMDAwLCJkZWxldGUiOjE4MDAwMDAwMDAwMDAsInJlYWQiOjMwMDAwMDAwMDAwMCwidXBkYXRlIjoxODAwMDAwMDAwMDAwfX0=",
          "dependencies": [
            "azurerm_resource_group.www_rg",
            "azurerm_subnet.www_web2",
            "azurerm_virtual_network.www_vnet0"
          ]
        }
      ]
    },
    {
      "mode": "managed",
      "type": "azurerm_network_interface",
      "name": "www_web2_v1_nic",
      "provider": "provider[\"registry.terraform.io/hashicorp/azurerm\"]",
      "instances": [
        {
          "schema_version": 0,
          "attributes": {
            "accelerated_networking_enabled": false,
            "applied_dns_servers": [],
            "auxiliary_mode": "",
            "auxiliary_sku": "",
            "dns_servers": [],
            "edge_zone": "",
            "id": "/subscriptions/99b79efe-ebd6-468c-b39f-5669acb259e1/resourceGroups/04-T1-www/providers/Microsoft.Network/networkInterfaces/wwwweb2-v1-nic",
            "internal_dns_name_label": "",
            "internal_domain_name_suffix": "ygritugm0ivelmsx2dlp5b15bb.psx.internal.cloudapp.net",
            "ip_configuration": [
              {
                "gateway_load_balancer_frontend_ip_configuration_id": "",
                "name": "www-web2-v1-nic-ipconf",
                "primary": true,
                "private_ip_address": "192.168.3.4",
                "private_ip_address_allocation": "Static",
                "private_ip_address_version": "IPv4",
                "public_ip_address_id": "",
                "subnet_id": "/subscriptions/99b79efe-ebd6-468c-b39f-5669acb259e1/resourceGroups/04-T1-www/providers/Microsoft.Network/virtualNetworks/www-vnet1/subnets/www-web2-v1"
              }
            ],
            "ip_forwarding_enabled": false,
            "location": "koreasouth",
            "mac_address": "",
            "name": "wwwweb2-v1-nic",
            "private_ip_address": "192.168.3.4",
            "private_ip_addresses": [
              "192.168.3.4"
            ],
            "resource_group_name": "04-T1-www",
            "tags": {},
            "timeouts": null,
            "virtual_machine_id": ""
          },
          "sensitive_attributes": [],
          "identity_schema_version": 0,
          "identity": {
            "name": "wwwweb2-v1-nic",
            "resource_group_name": "04-T1-www",
            "subscription_id": "99b79efe-ebd6-468c-b39f-5669acb259e1"
          },
          "private": "eyJlMmJmYjczMC1lY2FhLTExZTYtOGY4OC0zNDM2M2JjN2M0YzAiOnsiY3JlYXRlIjoxODAwMDAwMDAwMDAwLCJkZWxldGUiOjE4MDAwMDAwMDAwMDAsInJlYWQiOjMwMDAwMDAwMDAwMCwidXBkYXRlIjoxODAwMDAwMDAwMDAwfX0=",
          "dependencies": [
            "azurerm_resource_group.www_rg",
            "azurerm_subnet.www_web2_v1",
            "azurerm_virtual_network.www_vnet1"
          ]
        }
      ]
    },
    {
      "mode": "managed",
      "type": "azurerm_network_interface_application_gateway_backend_address_pool_association",
      "name": "www_web1_v1_nic",
      "provider": "provider[\"registry.terraform.io/hashicorp/azurerm\"]",
      "instances": [
        {
          "schema_version": 0,
          "attributes": {
            "backend_address_pool_id": "/subscriptions/99b79efe-ebd6-468c-b39f-5669acb259e1/resourceGroups/04-T1-www/providers/Microsoft.Network/applicationGateways/www-appgw/backendAddressPools/www-beap",
            "id": "/subscriptions/99b79efe-ebd6-468c-b39f-5669acb259e1/resourceGroups/04-T1-www/providers/Microsoft.Network/networkInterfaces/wwwweb1-v1-nic/ipConfigurations/www-web1-v1-nic-ipconf|/subscriptions/99b79efe-ebd6-468c-b39f-5669acb259e1/resourceGroups/04-T1-www/providers/Microsoft.Network/applicationGateways/www-appgw/backendAddressPools/www-beap",
            "ip_configuration_name": "www-web1-v1-nic-ipconf",
            "network_interface_id": "/subscriptions/99b79efe-ebd6-468c-b39f-5669acb259e1/resourceGroups/04-T1-www/providers/Microsoft.Network/networkInterfaces/wwwweb1-v1-nic",
            "timeouts": null
          },
          "sensitive_attributes": [],
          "identity_schema_version": 0,
          "private": "eyJlMmJmYjczMC1lY2FhLTExZTYtOGY4OC0zNDM2M2JjN2M0YzAiOnsiY3JlYXRlIjoxODAwMDAwMDAwMDAwLCJkZWxldGUiOjE4MDAwMDAwMDAwMDAsInJlYWQiOjMwMDAwMDAwMDAwMH19",
          "dependencies": [
            "azurerm_application_gateway.www_appgw",
            "azurerm_network_interface.www_web1_v1_nic",
            "azurerm_public_ip.www_appip",
            "azurerm_resource_group.www_rg",
            "azurerm_subnet.www_appgw",
            "azurerm_subnet.www_web1_v1",
            "azurerm_virtual_network.www_vnet1"
          ]
        }
      ]
    },
    {
      "mode": "managed",
      "type": "azurerm_network_interface_application_gateway_backend_address_pool_association",
      "name": "www_web2_v1_nic",
      "provider": "provider[\"registry.terraform.io/hashicorp/azurerm\"]",
      "instances": [
        {
          "schema_version": 0,
          "attributes": {
            "backend_address_pool_id": "/subscriptions/99b79efe-ebd6-468c-b39f-5669acb259e1/resourceGroups/04-T1-www/providers/Microsoft.Network/applicationGateways/www-appgw/backendAddressPools/www-beap",
            "id": "/subscriptions/99b79efe-ebd6-468c-b39f-5669acb259e1/resourceGroups/04-T1-www/providers/Microsoft.Network/networkInterfaces/wwwweb2-v1-nic/ipConfigurations/www-web2-v1-nic-ipconf|/subscriptions/99b79efe-ebd6-468c-b39f-5669acb259e1/resourceGroups/04-T1-www/providers/Microsoft.Network/applicationGateways/www-appgw/backendAddressPools/www-beap",
            "ip_configuration_name": "www-web2-v1-nic-ipconf",
            "network_interface_id": "/subscriptions/99b79efe-ebd6-468c-b39f-5669acb259e1/resourceGroups/04-T1-www/providers/Microsoft.Network/networkInterfaces/wwwweb2-v1-nic",
            "timeouts": null
          },
          "sensitive_attributes": [],
          "identity_schema_version": 0,
          "private": "eyJlMmJmYjczMC1lY2FhLTExZTYtOGY4OC0zNDM2M2JjN2M0YzAiOnsiY3JlYXRlIjoxODAwMDAwMDAwMDAwLCJkZWxldGUiOjE4MDAwMDAwMDAwMDAsInJlYWQiOjMwMDAwMDAwMDAwMH19",
          "dependencies": [
            "azurerm_application_gateway.www_appgw",
            "azurerm_network_interface.www_web2_v1_nic",
            "azurerm_public_ip.www_appip",
            "azurerm_resource_group.www_rg",
            "azurerm_subnet.www_appgw",
            "azurerm_subnet.www_web2_v1",
            "azurerm_virtual_network.www_vnet1"
          ]
        }
      ]
    },
    {
      "mode": "managed",
      "type": "azurerm_network_security_group",
      "name": "www_nsg_db",
      "provider": "provider[\"registry.terraform.io/hashicorp/azurerm\"]",
      "instances": [
        {
          "schema_version": 0,
          "attributes": {
            "id": "/subscriptions/99b79efe-ebd6-468c-b39f-5669acb259e1/resourceGroups/04-T1-www/providers/Microsoft.Network/networkSecurityGroups/www_nsg_db",
            "location": "koreacentral",
            "name": "www_nsg_db",
            "resource_group_name": "04-T1-www",
            "security_rule": [
              {
                "access": "Allow",
                "description": "",
                "destination_address_prefix": "*",
                "destination_address_prefixes": [],
                "destination_application_security_group_ids": [],
                "destination_port_range": "22",
                "destination_port_ranges": [],
                "direction": "Inbound",
                "name": "ssh",
                "priority": 100,
                "protocol": "Tcp",
                "source_address_prefix": "",
                "source_address_prefixes": [
                  "10.0.0.0/16",
                  "192.168.0.0/16",
                  "61.108.60.26"
                ],
                "source_application_security_group_ids": [],
                "source_port_range": "*",
                "source_port_ranges": []
              },
              {
                "access": "Allow",
                "description": "",
                "destination_address_prefix": "10.0.0.0/16",
                "destination_address_prefixes": [],
                "destination_application_security_group_ids": [],
                "destination_port_range": "3306",
                "destination_port_ranges": [],
                "direction": "Inbound",
                "name": "db",
                "priority": 300,
                "protocol": "Tcp",
                "source_address_prefix": "",
                "source_address_prefixes": [
                  "10.0.0.0/16",
                  "192.168.0.0/16"
                ],
                "source_application_security_group_ids": [],
                "source_port_range": "*",
                "source_port_ranges": []
              }
            ],
            "tags": {},
            "timeouts": null
          },
          "sensitive_attributes": [],
          "identity_schema_version": 0,
          "identity": {
            "name": "www_nsg_db",
            "resource_group_name": "04-T1-www",
            "subscription_id": "99b79efe-ebd6-468c-b39f-5669acb259e1"
          },
          "private": "eyJlMmJmYjczMC1lY2FhLTExZTYtOGY4OC0zNDM2M2JjN2M0YzAiOnsiY3JlYXRlIjoxODAwMDAwMDAwMDAwLCJkZWxldGUiOjE4MDAwMDAwMDAwMDAsInJlYWQiOjMwMDAwMDAwMDAwMCwidXBkYXRlIjoxODAwMDAwMDAwMDAwfX0=",
          "dependencies": [
            "azurerm_resource_group.www_rg"
          ]
        }
      ]
    },
    {
      "mode": "managed",
      "type": "azurerm_network_security_group",
      "name": "www_nsg_http",
      "provider": "provider[\"registry.terraform.io/hashicorp/azurerm\"]",
      "instances": [
        {
          "schema_version": 0,
          "attributes": {
            "id": "/subscriptions/99b79efe-ebd6-468c-b39f-5669acb259e1/resourceGroups/04-T1-www/providers/Microsoft.Network/networkSecurityGroups/www_nsg_http",
            "location": "koreacentral",
            "name": "www_nsg_http",
            "resource_group_name": "04-T1-www",
            "security_rule": [
              {
                "access": "Allow",
                "description": "",
                "destination_address_prefix": "*",
                "destination_address_prefixes": [],
                "destination_application_security_group_ids": [],
                "destination_port_range": "80",
                "destination_port_ranges": [],
                "direction": "Inbound",
                "name": "http",
                "priority": 200,
                "protocol": "Tcp",
                "source_address_prefix": "*",
                "source_address_prefixes": [],
                "source_application_security_group_ids": [],
                "source_port_range": "*",
                "source_port_ranges": []
              },
              {
                "access": "Allow",
                "description": "",
                "destination_address_prefix": "10.0.0.0/16",
                "destination_address_prefixes": [],
                "destination_application_security_group_ids": [],
                "destination_port_range": "22",
                "destination_port_ranges": [],
                "direction": "Inbound",
                "name": "ssh",
                "priority": 100,
                "protocol": "Tcp",
                "source_address_prefix": "",
                "source_address_prefixes": [
                  "10.0.0.0/16",
                  "192.168.0.0/16",
                  "61.108.60.26"
                ],
                "source_application_security_group_ids": [],
                "source_port_range": "*",
                "source_port_ranges": []
              }
            ],
            "tags": {},
            "timeouts": null
          },
          "sensitive_attributes": [],
          "identity_schema_version": 0,
          "identity": {
            "name": "www_nsg_http",
            "resource_group_name": "04-T1-www",
            "subscription_id": "99b79efe-ebd6-468c-b39f-5669acb259e1"
          },
          "private": "eyJlMmJmYjczMC1lY2FhLTExZTYtOGY4OC0zNDM2M2JjN2M0YzAiOnsiY3JlYXRlIjoxODAwMDAwMDAwMDAwLCJkZWxldGUiOjE4MDAwMDAwMDAwMDAsInJlYWQiOjMwMDAwMDAwMDAwMCwidXBkYXRlIjoxODAwMDAwMDAwMDAwfX0=",
          "dependencies": [
            "azurerm_resource_group.www_rg"
          ]
        }
      ]
    },
    {
      "mode": "managed",
      "type": "azurerm_network_security_group",
      "name": "www_nsg_ssh",
      "provider": "provider[\"registry.terraform.io/hashicorp/azurerm\"]",
      "instances": [
        {
          "schema_version": 0,
          "attributes": {
            "id": "/subscriptions/99b79efe-ebd6-468c-b39f-5669acb259e1/resourceGroups/04-T1-www/providers/Microsoft.Network/networkSecurityGroups/www_nsg_ssh",
            "location": "koreacentral",
            "name": "www_nsg_ssh",
            "resource_group_name": "04-T1-www",
            "security_rule": [
              {
                "access": "Allow",
                "description": "",
                "destination_address_prefix": "10.0.0.0/16",
                "destination_address_prefixes": [],
                "destination_application_security_group_ids": [],
                "destination_port_range": "22",
                "destination_port_ranges": [],
                "direction": "Inbound",
                "name": "ssh",
                "priority": 100,
                "protocol": "Tcp",
                "source_address_prefix": "",
                "source_address_prefixes": [
                  "10.0.0.0/16",
                  "192.168.0.0/16",
                  "61.108.60.26"
                ],
                "source_application_security_group_ids": [],
                "source_port_range": "*",
                "source_port_ranges": []
              }
            ],
            "tags": {},
            "timeouts": null
          },
          "sensitive_attributes": [],
          "identity_schema_version": 0,
          "identity": {
            "name": "www_nsg_ssh",
            "resource_group_name": "04-T1-www",
            "subscription_id": "99b79efe-ebd6-468c-b39f-5669acb259e1"
          },
          "private": "eyJlMmJmYjczMC1lY2FhLTExZTYtOGY4OC0zNDM2M2JjN2M0YzAiOnsiY3JlYXRlIjoxODAwMDAwMDAwMDAwLCJkZWxldGUiOjE4MDAwMDAwMDAwMDAsInJlYWQiOjMwMDAwMDAwMDAwMCwidXBkYXRlIjoxODAwMDAwMDAwMDAwfX0=",
          "dependencies": [
            "azurerm_resource_group.www_rg"
          ]
        }
      ]
    },
    {
      "mode": "managed",
      "type": "azurerm_network_security_group",
      "name": "www_v1_nsg_http",
      "provider": "provider[\"registry.terraform.io/hashicorp/azurerm\"]",
      "instances": [
        {
          "schema_version": 0,
          "attributes": {
            "id": "/subscriptions/99b79efe-ebd6-468c-b39f-5669acb259e1/resourceGroups/04-T1-www/providers/Microsoft.Network/networkSecurityGroups/www_v1_nsg_http",
            "location": "koreasouth",
            "name": "www_v1_nsg_http",
            "resource_group_name": "04-T1-www",
            "security_rule": [
              {
                "access": "Allow",
                "description": "",
                "destination_address_prefix": "*",
                "destination_address_prefixes": [],
                "destination_application_security_group_ids": [],
                "destination_port_range": "80",
                "destination_port_ranges": [],
                "direction": "Inbound",
                "name": "http",
                "priority": 200,
                "protocol": "Tcp",
                "source_address_prefix": "*",
                "source_address_prefixes": [],
                "source_application_security_group_ids": [],
                "source_port_range": "*",
                "source_port_ranges": []
              },
              {
                "access": "Allow",
                "description": "",
                "destination_address_prefix": "10.0.0.0/16",
                "destination_address_prefixes": [],
                "destination_application_security_group_ids": [],
                "destination_port_range": "22",
                "destination_port_ranges": [],
                "direction": "Inbound",
                "name": "ssh",
                "priority": 100,
                "protocol": "Tcp",
                "source_address_prefix": "",
                "source_address_prefixes": [
                  "10.0.0.0/16",
                  "192.168.0.0/16",
                  "61.108.60.26"
                ],
                "source_application_security_group_ids": [],
                "source_port_range": "*",
                "source_port_ranges": []
              }
            ],
            "tags": {},
            "timeouts": null
          },
          "sensitive_attributes": [],
          "identity_schema_version": 0,
          "identity": {
            "name": "www_v1_nsg_http",
            "resource_group_name": "04-T1-www",
            "subscription_id": "99b79efe-ebd6-468c-b39f-5669acb259e1"
          },
          "private": "eyJlMmJmYjczMC1lY2FhLTExZTYtOGY4OC0zNDM2M2JjN2M0YzAiOnsiY3JlYXRlIjoxODAwMDAwMDAwMDAwLCJkZWxldGUiOjE4MDAwMDAwMDAwMDAsInJlYWQiOjMwMDAwMDAwMDAwMCwidXBkYXRlIjoxODAwMDAwMDAwMDAwfX0=",
          "dependencies": [
            "azurerm_resource_group.www_rg"
          ]
        }
      ]
    },
    {
      "mode": "managed",
      "type": "azurerm_private_dns_a_record",
      "name": "db_private",
      "provider": "provider[\"registry.terraform.io/hashicorp/azurerm\"]",
      "instances": [
        {
          "schema_version": 0,
          "attributes": {
            "fqdn": "db.04www.cloud.",
            "id": "/subscriptions/99b79efe-ebd6-468c-b39f-5669acb259e1/resourceGroups/04-T1-www/providers/Microsoft.Network/privateDnsZones/04www.cloud/A/db",
            "name": "db",
            "records": [
              "10.0.4.4"
            ],
            "resource_group_name": "04-T1-www",
            "tags": {},
            "timeouts": null,
            "ttl": 300,
            "zone_name": "04www.cloud"
          },
          "sensitive_attributes": [],
          "identity_schema_version": 0,
          "private": "eyJlMmJmYjczMC1lY2FhLTExZTYtOGY4OC0zNDM2M2JjN2M0YzAiOnsiY3JlYXRlIjoxODAwMDAwMDAwMDAwLCJkZWxldGUiOjE4MDAwMDAwMDAwMDAsInJlYWQiOjMwMDAwMDAwMDAwMCwidXBkYXRlIjoxODAwMDAwMDAwMDAwfX0=",
          "dependencies": [
            "azurerm_network_interface.www_db_nic",
            "azurerm_private_dns_zone.private",
            "azurerm_resource_group.www_rg",
            "azurerm_subnet.www_db",
            "azurerm_virtual_network.www_vnet0"
          ]
        }
      ]
    },
    {
      "mode": "managed",
      "type": "azurerm_private_dns_zone",
      "name": "private",
      "provider": "provider[\"registry.terraform.io/hashicorp/azurerm\"]",
      "instances": [
        {
          "schema_version": 0,
          "attributes": {
            "id": "/subscriptions/99b79efe-ebd6-468c-b39f-5669acb259e1/resourceGroups/04-T1-www/providers/Microsoft.Network/privateDnsZones/04www.cloud",
            "max_number_of_record_sets": 25000,
            "max_number_of_virtual_network_links": 1000,
            "max_number_of_virtual_network_links_with_registration": 100,
            "name": "04www.cloud",
            "number_of_record_sets": 9,
            "resource_group_name": "04-T1-www",
            "soa_record": [
              {
                "email": "azureprivatedns-host.microsoft.com",
                "expire_time": 2419200,
                "fqdn": "04www.cloud.",
                "host_name": "azureprivatedns.net",
                "minimum_ttl": 10,
                "refresh_time": 3600,
                "retry_time": 300,
                "serial_number": 1,
                "tags": {},
                "ttl": 3600
              }
            ],
            "tags": {},
            "timeouts": null
          },
          "sensitive_attributes": [],
          "identity_schema_version": 0,
          "identity": {
            "name": "04www.cloud",
            "resource_group_name": "04-T1-www",
            "subscription_id": "99b79efe-ebd6-468c-b39f-5669acb259e1"
          },
          "private": "eyJlMmJmYjczMC1lY2FhLTExZTYtOGY4OC0zNDM2M2JjN2M0YzAiOnsiY3JlYXRlIjoxODAwMDAwMDAwMDAwLCJkZWxldGUiOjE4MDAwMDAwMDAwMDAsInJlYWQiOjMwMDAwMDAwMDAwMCwidXBkYXRlIjoxODAwMDAwMDAwMDAwfX0=",
          "dependencies": [
            "azurerm_resource_group.www_rg"
          ]
        }
      ]
    },
    {
      "mode": "managed",
      "type": "azurerm_private_dns_zone",
      "name": "storage_dns_zone",
      "provider": "provider[\"registry.terraform.io/hashicorp/azurerm\"]",
      "instances": [
        {
          "schema_version": 0,
          "attributes": {
            "id": "/subscriptions/99b79efe-ebd6-468c-b39f-5669acb259e1/resourceGroups/04-T1-www/providers/Microsoft.Network/privateDnsZones/privatelink.blob.core.windows.net",
            "max_number_of_record_sets": 25000,
            "max_number_of_virtual_network_links": 1000,
            "max_number_of_virtual_network_links_with_registration": 100,
            "name": "privatelink.blob.core.windows.net",
            "number_of_record_sets": 1,
            "resource_group_name": "04-T1-www",
            "soa_record": [
              {
                "email": "azureprivatedns-host.microsoft.com",
                "expire_time": 2419200,
                "fqdn": "privatelink.blob.core.windows.net.",
                "host_name": "azureprivatedns.net",
                "minimum_ttl": 10,
                "refresh_time": 3600,
                "retry_time": 300,
                "serial_number": 1,
                "tags": {},
                "ttl": 3600
              }
            ],
            "tags": null,
            "timeouts": null
          },
          "sensitive_attributes": [],
          "identity_schema_version": 0,
          "identity": {
            "name": "privatelink.blob.core.windows.net",
            "resource_group_name": "04-T1-www",
            "subscription_id": "99b79efe-ebd6-468c-b39f-5669acb259e1"
          },
          "private": "eyJlMmJmYjczMC1lY2FhLTExZTYtOGY4OC0zNDM2M2JjN2M0YzAiOnsiY3JlYXRlIjoxODAwMDAwMDAwMDAwLCJkZWxldGUiOjE4MDAwMDAwMDAwMDAsInJlYWQiOjMwMDAwMDAwMDAwMCwidXBkYXRlIjoxODAwMDAwMDAwMDAwfX0=",
          "dependencies": [
            "azurerm_resource_group.www_rg"
          ]
        }
      ]
    },
    {
      "mode": "managed",
      "type": "azurerm_private_dns_zone",
      "name": "www_dns_zone",
      "provider": "provider[\"registry.terraform.io/hashicorp/azurerm\"]",
      "instances": [
        {
          "schema_version": 0,
          "attributes": {
            "id": "/subscriptions/99b79efe-ebd6-468c-b39f-5669acb259e1/resourceGroups/04-T1-www/providers/Microsoft.Network/privateDnsZones/privatelink.mysql.database.azure.com",
            "max_number_of_record_sets": 25000,
            "max_number_of_virtual_network_links": 1000,
            "max_number_of_virtual_network_links_with_registration": 100,
            "name": "privatelink.mysql.database.azure.com",
            "number_of_record_sets": 1,
            "resource_group_name": "04-T1-www",
            "soa_record": [
              {
                "email": "azureprivatedns-host.microsoft.com",
                "expire_time": 2419200,
                "fqdn": "privatelink.mysql.database.azure.com.",
                "host_name": "azureprivatedns.net",
                "minimum_ttl": 10,
                "refresh_time": 3600,
                "retry_time": 300,
                "serial_number": 1,
                "tags": {},
                "ttl": 3600
              }
            ],
            "tags": null,
            "timeouts": null
          },
          "sensitive_attributes": [],
          "identity_schema_version": 0,
          "identity": {
            "name": "privatelink.mysql.database.azure.com",
            "resource_group_name": "04-T1-www",
            "subscription_id": "99b79efe-ebd6-468c-b39f-5669acb259e1"
          },
          "private": "eyJlMmJmYjczMC1lY2FhLTExZTYtOGY4OC0zNDM2M2JjN2M0YzAiOnsiY3JlYXRlIjoxODAwMDAwMDAwMDAwLCJkZWxldGUiOjE4MDAwMDAwMDAwMDAsInJlYWQiOjMwMDAwMDAwMDAwMCwidXBkYXRlIjoxODAwMDAwMDAwMDAwfX0=",
          "dependencies": [
            "azurerm_resource_group.www_rg"
          ]
        }
      ]
    },
    {
      "mode": "managed",
      "type": "azurerm_private_dns_zone_virtual_network_link",
      "name": "link_vnet0",
      "provider": "provider[\"registry.terraform.io/hashicorp/azurerm\"]",
      "instances": [
        {
          "schema_version": 0,
          "attributes": {
            "id": "/subscriptions/99b79efe-ebd6-468c-b39f-5669acb259e1/resourceGroups/04-T1-www/providers/Microsoft.Network/privateDnsZones/04www.cloud/virtualNetworkLinks/link-vnet0",
            "name": "link-vnet0",
            "private_dns_zone_name": "04www.cloud",
            "registration_enabled": true,
            "resolution_policy": "",
            "resource_group_name": "04-T1-www",
            "tags": {},
            "timeouts": null,
            "virtual_network_id": "/subscriptions/99b79efe-ebd6-468c-b39f-5669acb259e1/resourceGroups/04-T1-www/providers/Microsoft.Network/virtualNetworks/www-vnet0"
          },
          "sensitive_attributes": [],
          "identity_schema_version": 0,
          "identity": {
            "name": "link-vnet0",
            "private_dns_zone_name": "04www.cloud",
            "resource_group_name": "04-T1-www",
            "subscription_id": "99b79efe-ebd6-468c-b39f-5669acb259e1"
          },
          "private": "eyJlMmJmYjczMC1lY2FhLTExZTYtOGY4OC0zNDM2M2JjN2M0YzAiOnsiY3JlYXRlIjoxODAwMDAwMDAwMDAwLCJkZWxldGUiOjE4MDAwMDAwMDAwMDAsInJlYWQiOjMwMDAwMDAwMDAwMCwidXBkYXRlIjoxODAwMDAwMDAwMDAwfX0=",
          "dependencies": [
            "azurerm_private_dns_zone.private",
            "azurerm_resource_group.www_rg",
            "azurerm_virtual_network.www_vnet0"
          ]
        }
      ]
    },
    {
      "mode": "managed",
      "type": "azurerm_private_dns_zone_virtual_network_link",
      "name": "link_vnet1",
      "provider": "provider[\"registry.terraform.io/hashicorp/azurerm\"]",
      "instances": [
        {
          "schema_version": 0,
          "attributes": {
            "id": "/subscriptions/99b79efe-ebd6-468c-b39f-5669acb259e1/resourceGroups/04-T1-www/providers/Microsoft.Network/privateDnsZones/04www.cloud/virtualNetworkLinks/link-vnet1",
            "name": "link-vnet1",
            "private_dns_zone_name": "04www.cloud",
            "registration_enabled": true,
            "resolution_policy": "",
            "resource_group_name": "04-T1-www",
            "tags": {},
            "timeouts": null,
            "virtual_network_id": "/subscriptions/99b79efe-ebd6-468c-b39f-5669acb259e1/resourceGroups/04-T1-www/providers/Microsoft.Network/virtualNetworks/www-vnet1"
          },
          "sensitive_attributes": [],
          "identity_schema_version": 0,
          "identity": {
            "name": "link-vnet1",
            "private_dns_zone_name": "04www.cloud",
            "resource_group_name": "04-T1-www",
            "subscription_id": "99b79efe-ebd6-468c-b39f-5669acb259e1"
          },
          "private": "eyJlMmJmYjczMC1lY2FhLTExZTYtOGY4OC0zNDM2M2JjN2M0YzAiOnsiY3JlYXRlIjoxODAwMDAwMDAwMDAwLCJkZWxldGUiOjE4MDAwMDAwMDAwMDAsInJlYWQiOjMwMDAwMDAwMDAwMCwidXBkYXRlIjoxODAwMDAwMDAwMDAwfX0=",
          "dependencies": [
            "azurerm_private_dns_zone.private",
            "azurerm_resource_group.www_rg",
            "azurerm_virtual_network.www_vnet1"
          ]
        }
      ]
    },
    {
      "mode": "managed",
      "type": "azurerm_private_dns_zone_virtual_network_link",
      "name": "storage_dns_link",
      "provider": "provider[\"registry.terraform.io/hashicorp/azurerm\"]",
      "instances": [
        {
          "schema_version": 0,
          "attributes": {
            "id": "/subscriptions/99b79efe-ebd6-468c-b39f-5669acb259e1/resourceGroups/04-T1-www/providers/Microsoft.Network/privateDnsZones/privatelink.blob.core.windows.net/virtualNetworkLinks/www-storage-dns-link",
            "name": "www-storage-dns-link",
            "private_dns_zone_name": "privatelink.blob.core.windows.net",
            "registration_enabled": false,
            "resolution_policy": "Default",
            "resource_group_name": "04-T1-www",
            "tags": null,
            "timeouts": null,
            "virtual_network_id": "/subscriptions/99b79efe-ebd6-468c-b39f-5669acb259e1/resourceGroups/04-T1-www/providers/Microsoft.Network/virtualNetworks/www-vnet0"
          },
          "sensitive_attributes": [],
          "identity_schema_version": 0,
          "identity": {
            "name": "www-storage-dns-link",
            "private_dns_zone_name": "privatelink.blob.core.windows.net",
            "resource_group_name": "04-T1-www",
            "subscription_id": "99b79efe-ebd6-468c-b39f-5669acb259e1"
          },
          "private": "eyJlMmJmYjczMC1lY2FhLTExZTYtOGY4OC0zNDM2M2JjN2M0YzAiOnsiY3JlYXRlIjoxODAwMDAwMDAwMDAwLCJkZWxldGUiOjE4MDAwMDAwMDAwMDAsInJlYWQiOjMwMDAwMDAwMDAwMCwidXBkYXRlIjoxODAwMDAwMDAwMDAwfX0=",
          "dependencies": [
            "azurerm_private_dns_zone.storage_dns_zone",
            "azurerm_resource_group.www_rg",
            "azurerm_virtual_network.www_vnet0"
          ]
        }
      ]
    },
    {
      "mode": "managed",
      "type": "azurerm_private_dns_zone_virtual_network_link",
      "name": "www_dns_link",
      "provider": "provider[\"registry.terraform.io/hashicorp/azurerm\"]",
      "instances": [
        {
          "schema_version": 0,
          "attributes": {
            "id": "/subscriptions/99b79efe-ebd6-468c-b39f-5669acb259e1/resourceGroups/04-T1-www/providers/Microsoft.Network/privateDnsZones/privatelink.mysql.database.azure.com/virtualNetworkLinks/www-dns-link",
            "name": "www-dns-link",
            "private_dns_zone_name": "privatelink.mysql.database.azure.com",
            "registration_enabled": false,
            "resolution_policy": "Default",
            "resource_group_name": "04-T1-www",
            "tags": null,
            "timeouts": null,
            "virtual_network_id": "/subscriptions/99b79efe-ebd6-468c-b39f-5669acb259e1/resourceGroups/04-T1-www/providers/Microsoft.Network/virtualNetworks/www-vnet0"
          },
          "sensitive_attributes": [],
          "identity_schema_version": 0,
          "identity": {
            "name": "www-dns-link",
            "private_dns_zone_name": "privatelink.mysql.database.azure.com",
            "resource_group_name": "04-T1-www",
            "subscription_id": "99b79efe-ebd6-468c-b39f-5669acb259e1"
          },
          "private": "eyJlMmJmYjczMC1lY2FhLTExZTYtOGY4OC0zNDM2M2JjN2M0YzAiOnsiY3JlYXRlIjoxODAwMDAwMDAwMDAwLCJkZWxldGUiOjE4MDAwMDAwMDAwMDAsInJlYWQiOjMwMDAwMDAwMDAwMCwidXBkYXRlIjoxODAwMDAwMDAwMDAwfX0=",
          "dependencies": [
            "azurerm_private_dns_zone.www_dns_zone",
            "azurerm_resource_group.www_rg",
            "azurerm_virtual_network.www_vnet0"
          ]
        }
      ]
    },
    {
      "mode": "managed",
      "type": "azurerm_private_endpoint",
      "name": "storage_pe",
      "provider": "provider[\"registry.terraform.io/hashicorp/azurerm\"]",
      "instances": [
        {
          "schema_version": 0,
          "attributes": {
            "custom_dns_configs": [],
            "custom_network_interface_name": "",
            "id": "/subscriptions/99b79efe-ebd6-468c-b39f-5669acb259e1/resourceGroups/04-T1-www/providers/Microsoft.Network/privateEndpoints/www-storage-endpoint",
            "ip_configuration": [],
            "location": "koreacentral",
            "name": "www-storage-endpoint",
            "network_interface": [
              {
                "id": "/subscriptions/99b79efe-ebd6-468c-b39f-5669acb259e1/resourceGroups/04-T1-www/providers/Microsoft.Network/networkInterfaces/www-storage-endpoint.nic.622f0565-4c54-45c8-b998-fdb29a05a2bc",
                "name": "www-storage-endpoint.nic.622f0565-4c54-45c8-b998-fdb29a05a2bc"
              }
            ],
            "private_dns_zone_configs": [
              {
                "id": "/subscriptions/99b79efe-ebd6-468c-b39f-5669acb259e1/resourceGroups/04-T1-www/providers/Microsoft.Network/privateEndpoints/www-storage-endpoint/privateDnsZoneGroups/default/privateDnsZoneConfigs/privatelink.blob.core.windows.net",
                "name": "privatelink.blob.core.windows.net",
                "private_dns_zone_id": "/subscriptions/99b79efe-ebd6-468c-b39f-5669acb259e1/resourceGroups/04-T1-www/providers/Microsoft.Network/privateDnsZones/privatelink.blob.core.windows.net",
                "record_sets": [
                  {
                    "fqdn": "wwwstorewww004.privatelink.blob.core.windows.net",
                    "ip_addresses": [
                      "10.0.4.5"
                    ],
                    "name": "wwwstorewww004",
                    "ttl": 10,
                    "type": "A"
                  }
                ]
              }
            ],
            "private_dns_zone_group": [
              {
                "id": "/subscriptions/99b79efe-ebd6-468c-b39f-5669acb259e1/resourceGroups/04-T1-www/providers/Microsoft.Network/privateEndpoints/www-storage-endpoint/privateDnsZoneGroups/default",
                "name": "default",
                "private_dns_zone_ids": [
                  "/subscriptions/99b79efe-ebd6-468c-b39f-5669acb259e1/resourceGroups/04-T1-www/providers/Microsoft.Network/privateDnsZones/privatelink.blob.core.windows.net"
                ]
              }
            ],
            "private_service_connection": [
              {
                "is_manual_connection": false,
                "name": "www-storage-privatelink",
                "private_connection_resource_alias": "",
                "private_connection_resource_id": "/subscriptions/99b79efe-ebd6-468c-b39f-5669acb259e1/resourceGroups/04-T1-www/providers/Microsoft.Storage/storageAccounts/wwwstorewww004",
                "private_ip_address": "10.0.4.5",
                "request_message": "",
                "subresource_names": [
                  "blob"
                ]
              }
            ],
            "resource_group_name": "04-T1-www",
            "subnet_id": "/subscriptions/99b79efe-ebd6-468c-b39f-5669acb259e1/resourceGroups/04-T1-www/providers/Microsoft.Network/virtualNetworks/www-vnet0/subnets/www-db",
            "tags": null,
            "timeouts": null
          },
          "sensitive_attributes": [],
          "identity_schema_version": 0,
          "identity": {
            "name": "www-storage-endpoint",
            "resource_group_name": "04-T1-www",
            "subscription_id": "99b79efe-ebd6-468c-b39f-5669acb259e1"
          },
          "private": "eyJlMmJmYjczMC1lY2FhLTExZTYtOGY4OC0zNDM2M2JjN2M0YzAiOnsiY3JlYXRlIjozNjAwMDAwMDAwMDAwLCJkZWxldGUiOjM2MDAwMDAwMDAwMDAsInJlYWQiOjMwMDAwMDAwMDAwMCwidXBkYXRlIjozNjAwMDAwMDAwMDAwfX0=",
          "dependencies": [
            "azurerm_private_dns_zone.storage_dns_zone",
            "azurerm_resource_group.www_rg",
            "azurerm_storage_account.www_sa",
            "azurerm_subnet.www_db",
            "azurerm_virtual_network.www_vnet0"
          ]
        }
      ]
    },
    {
      "mode": "managed",
      "type": "azurerm_private_endpoint",
      "name": "www_pe",
      "provider": "provider[\"registry.terraform.io/hashicorp/azurerm\"]",
      "instances": [
        {
          "schema_version": 0,
          "attributes": {
            "custom_dns_configs": [],
            "custom_network_interface_name": "",
            "id": "/subscriptions/99b79efe-ebd6-468c-b39f-5669acb259e1/resourceGroups/04-T1-www/providers/Microsoft.Network/privateEndpoints/www-mysql-endpoint",
            "ip_configuration": [],
            "location": "koreacentral",
            "name": "www-mysql-endpoint",
            "network_interface": [
              {
                "id": "/subscriptions/99b79efe-ebd6-468c-b39f-5669acb259e1/resourceGroups/04-T1-www/providers/Microsoft.Network/networkInterfaces/www-mysql-endpoint.nic.93434fa0-b527-471b-9c5c-8a0e3c6be092",
                "name": "www-mysql-endpoint.nic.93434fa0-b527-471b-9c5c-8a0e3c6be092"
              }
            ],
            "private_dns_zone_configs": [
              {
                "id": "/subscriptions/99b79efe-ebd6-468c-b39f-5669acb259e1/resourceGroups/04-T1-www/providers/Microsoft.Network/privateEndpoints/www-mysql-endpoint/privateDnsZoneGroups/default/privateDnsZoneConfigs/privatelink.mysql.database.azure.com",
                "name": "privatelink.mysql.database.azure.com",
                "private_dns_zone_id": "/subscriptions/99b79efe-ebd6-468c-b39f-5669acb259e1/resourceGroups/04-T1-www/providers/Microsoft.Network/privateDnsZones/privatelink.mysql.database.azure.com",
                "record_sets": [
                  {
                    "fqdn": "www-mysql-server-w4y9.privatelink.mysql.database.azure.com",
                    "ip_addresses": [
                      "10.0.4.6"
                    ],
                    "name": "www-mysql-server-w4y9",
                    "ttl": 10,
                    "type": "A"
                  }
                ]
              }
            ],
            "private_dns_zone_group": [
              {
                "id": "/subscriptions/99b79efe-ebd6-468c-b39f-5669acb259e1/resourceGroups/04-T1-www/providers/Microsoft.Network/privateEndpoints/www-mysql-endpoint/privateDnsZoneGroups/default",
                "name": "default",
                "private_dns_zone_ids": [
                  "/subscriptions/99b79efe-ebd6-468c-b39f-5669acb259e1/resourceGroups/04-T1-www/providers/Microsoft.Network/privateDnsZones/privatelink.mysql.database.azure.com"
                ]
              }
            ],
            "private_service_connection": [
              {
                "is_manual_connection": false,
                "name": "www-mysql-privatelink",
                "private_connection_resource_alias": "",
                "private_connection_resource_id": "/subscriptions/99b79efe-ebd6-468c-b39f-5669acb259e1/resourceGroups/04-T1-www/providers/Microsoft.DBforMySQL/flexibleServers/www-mysql-server-w4y9",
                "private_ip_address": "10.0.4.6",
                "request_message": "",
                "subresource_names": [
                  "mysqlServer"
                ]
              }
            ],
            "resource_group_name": "04-T1-www",
            "subnet_id": "/subscriptions/99b79efe-ebd6-468c-b39f-5669acb259e1/resourceGroups/04-T1-www/providers/Microsoft.Network/virtualNetworks/www-vnet0/subnets/www-db",
            "tags": null,
            "timeouts": null
          },
          "sensitive_attributes": [],
          "identity_schema_version": 0,
          "identity": {
            "name": "www-mysql-endpoint",
            "resource_group_name": "04-T1-www",
            "subscription_id": "99b79efe-ebd6-468c-b39f-5669acb259e1"
          },
          "private": "eyJlMmJmYjczMC1lY2FhLTExZTYtOGY4OC0zNDM2M2JjN2M0YzAiOnsiY3JlYXRlIjozNjAwMDAwMDAwMDAwLCJkZWxldGUiOjM2MDAwMDAwMDAwMDAsInJlYWQiOjMwMDAwMDAwMDAwMCwidXBkYXRlIjozNjAwMDAwMDAwMDAwfX0=",
          "dependencies": [
            "azurerm_mysql_flexible_server.www_mysql",
            "azurerm_private_dns_zone.www_dns_zone",
            "azurerm_resource_group.www_rg",
            "azurerm_subnet.www_db",
            "azurerm_virtual_network.www_vnet0",
            "random_string.mysql_suffix"
          ]
        }
      ]
    },
    {
      "mode": "managed",
      "type": "azurerm_public_ip",
      "name": "www_appip",
      "provider": "provider[\"registry.terraform.io/hashicorp/azurerm\"]",
      "instances": [
        {
          "schema_version": 0,
          "attributes": {
            "allocation_method": "Static",
            "ddos_protection_mode": "VirtualNetworkInherited",
            "ddos_protection_plan_id": null,
            "domain_name_label": null,
            "domain_name_label_scope": null,
            "edge_zone": "",
            "fqdn": null,
            "id": "/subscriptions/99b79efe-ebd6-468c-b39f-5669acb259e1/resourceGroups/04-T1-www/providers/Microsoft.Network/publicIPAddresses/www-appip",
            "idle_timeout_in_minutes": 4,
            "ip_address": "20.200.136.226",
            "ip_tags": {},
            "ip_version": "IPv4",
            "location": "koreasouth",
            "name": "www-appip",
            "public_ip_prefix_id": null,
            "resource_group_name": "04-T1-www",
            "reverse_fqdn": null,
            "sku": "Standard",
            "sku_tier": "Regional",
            "tags": {},
            "timeouts": null,
            "zones": []
          },
          "sensitive_attributes": [],
          "identity_schema_version": 0,
          "private": "eyJlMmJmYjczMC1lY2FhLTExZTYtOGY4OC0zNDM2M2JjN2M0YzAiOnsiY3JlYXRlIjoxODAwMDAwMDAwMDAwLCJkZWxldGUiOjE4MDAwMDAwMDAwMDAsInJlYWQiOjMwMDAwMDAwMDAwMCwidXBkYXRlIjoxODAwMDAwMDAwMDAwfX0=",
          "dependencies": [
            "azurerm_resource_group.www_rg"
          ]
        }
      ]
    },
    {
      "mode": "managed",
      "type": "azurerm_public_ip",
      "name": "www_basip",
      "provider": "provider[\"registry.terraform.io/hashicorp/azurerm\"]",
      "instances": [
        {
          "schema_version": 0,
          "attributes": {
            "allocation_method": "Static",
            "ddos_protection_mode": "VirtualNetworkInherited",
            "ddos_protection_plan_id": null,
            "domain_name_label": null,
            "domain_name_label_scope": null,
            "edge_zone": "",
            "fqdn": null,
            "id": "/subscriptions/99b79efe-ebd6-468c-b39f-5669acb259e1/resourceGroups/04-T1-www/providers/Microsoft.Network/publicIPAddresses/www-pubip",
            "idle_timeout_in_minutes": 4,
            "ip_address": "4.230.138.159",
            "ip_tags": {},
            "ip_version": "IPv4",
            "location": "koreacentral",
            "name": "www-pubip",
            "public_ip_prefix_id": null,
            "resource_group_name": "04-T1-www",
            "reverse_fqdn": null,
            "sku": "Standard",
            "sku_tier": "Regional",
            "tags": {},
            "timeouts": null,
            "zones": []
          },
          "sensitive_attributes": [],
          "identity_schema_version": 0,
          "private": "eyJlMmJmYjczMC1lY2FhLTExZTYtOGY4OC0zNDM2M2JjN2M0YzAiOnsiY3JlYXRlIjoxODAwMDAwMDAwMDAwLCJkZWxldGUiOjE4MDAwMDAwMDAwMDAsInJlYWQiOjMwMDAwMDAwMDAwMCwidXBkYXRlIjoxODAwMDAwMDAwMDAwfX0=",
          "dependencies": [
            "azurerm_resource_group.www_rg"
          ]
        }
      ]
    },
    {
      "mode": "managed",
      "type": "azurerm_public_ip",
      "name": "www_natip",
      "provider": "provider[\"registry.terraform.io/hashicorp/azurerm\"]",
      "instances": [
        {
          "schema_version": 0,
          "attributes": {
            "allocation_method": "Static",
            "ddos_protection_mode": "VirtualNetworkInherited",
            "ddos_protection_plan_id": null,
            "domain_name_label": null,
            "domain_name_label_scope": null,
            "edge_zone": "",
            "fqdn": null,
            "id": "/subscriptions/99b79efe-ebd6-468c-b39f-5669acb259e1/resourceGroups/04-T1-www/providers/Microsoft.Network/publicIPAddresses/www-natip",
            "idle_timeout_in_minutes": 4,
            "ip_address": "20.249.93.160",
            "ip_tags": {},
            "ip_version": "IPv4",
            "location": "koreacentral",
            "name": "www-natip",
            "public_ip_prefix_id": null,
            "resource_group_name": "04-T1-www",
            "reverse_fqdn": null,
            "sku": "Standard",
            "sku_tier": "Regional",
            "tags": {},
            "timeouts": null,
            "zones": []
          },
          "sensitive_attributes": [],
          "identity_schema_version": 0,
          "private": "eyJlMmJmYjczMC1lY2FhLTExZTYtOGY4OC0zNDM2M2JjN2M0YzAiOnsiY3JlYXRlIjoxODAwMDAwMDAwMDAwLCJkZWxldGUiOjE4MDAwMDAwMDAwMDAsInJlYWQiOjMwMDAwMDAwMDAwMCwidXBkYXRlIjoxODAwMDAwMDAwMDAwfX0=",
          "dependencies": [
            "azurerm_resource_group.www_rg"
          ]
        }
      ]
    },
    {
      "mode": "managed",
      "type": "azurerm_public_ip",
      "name": "www_natip_v1",
      "provider": "provider[\"registry.terraform.io/hashicorp/azurerm\"]",
      "instances": [
        {
          "schema_version": 0,
          "attributes": {
            "allocation_method": "Static",
            "ddos_protection_mode": "VirtualNetworkInherited",
            "ddos_protection_plan_id": null,
            "domain_name_label": null,
            "domain_name_label_scope": null,
            "edge_zone": "",
            "fqdn": null,
            "id": "/subscriptions/99b79efe-ebd6-468c-b39f-5669acb259e1/resourceGroups/04-T1-www/providers/Microsoft.Network/publicIPAddresses/www-natip-v1",
            "idle_timeout_in_minutes": 4,
            "ip_address": "20.200.129.195",
            "ip_tags": {},
            "ip_version": "IPv4",
            "location": "koreasouth",
            "name": "www-natip-v1",
            "public_ip_prefix_id": null,
            "resource_group_name": "04-T1-www",
            "reverse_fqdn": null,
            "sku": "Standard",
            "sku_tier": "Regional",
            "tags": {},
            "timeouts": null,
            "zones": []
          },
          "sensitive_attributes": [],
          "identity_schema_version": 0,
          "private": "eyJlMmJmYjczMC1lY2FhLTExZTYtOGY4OC0zNDM2M2JjN2M0YzAiOnsiY3JlYXRlIjoxODAwMDAwMDAwMDAwLCJkZWxldGUiOjE4MDAwMDAwMDAwMDAsInJlYWQiOjMwMDAwMDAwMDAwMCwidXBkYXRlIjoxODAwMDAwMDAwMDAwfX0=",
          "dependencies": [
            "azurerm_resource_group.www_rg"
          ]
        }
      ]
    },
    {
      "mode": "managed",
      "type": "azurerm_redis_cache",
      "name": "www_redis",
      "provider": "provider[\"registry.terraform.io/hashicorp/azurerm\"]",
      "instances": [
        {
          "schema_version": 1,
          "attributes": {
            "access_keys_authentication_enabled": true,
            "capacity": 0,
            "family": "C",
            "hostname": "www-redis-135v.redis.cache.windows.net",
            "id": "/subscriptions/99b79efe-ebd6-468c-b39f-5669acb259e1/resourceGroups/04-T1-www/providers/Microsoft.Cache/redis/www-redis-135v",
            "identity": [],
            "location": "koreacentral",
            "minimum_tls_version": "1.2",
            "name": "www-redis-135v",
            "non_ssl_port_enabled": false,
            "patch_schedule": [],
            "port": 6379,
            "primary_access_key": "x2MRmdq5dg29TKIK6tYVMPTMd4FsEyCcgAzCaHmqPCo=",
            "primary_connection_string": "www-redis-135v.redis.cache.windows.net:6380,password=x2MRmdq5dg29TKIK6tYVMPTMd4FsEyCcgAzCaHmqPCo=,ssl=true,abortConnect=False",
            "private_static_ip_address": "",
            "public_network_access_enabled": true,
            "redis_configuration": [
              {
                "active_directory_authentication_enabled": false,
                "aof_backup_enabled": false,
                "aof_storage_connection_string_0": "",
                "aof_storage_connection_string_1": "",
                "authentication_enabled": true,
                "data_persistence_authentication_method": "",
                "maxclients": 256,
                "maxfragmentationmemory_reserved": 30,
                "maxmemory_delta": 30,
                "maxmemory_policy": "volatile-lru",
                "maxmemory_reserved": 30,
                "notify_keyspace_events": "",
                "rdb_backup_enabled": false,
                "rdb_backup_frequency": 0,
                "rdb_backup_max_snapshot_count": 0,
                "rdb_storage_connection_string": "",
                "storage_account_subscription_id": ""
              }
            ],
            "redis_version": "6.0",
            "replicas_per_master": 0,
            "replicas_per_primary": 0,
            "resource_group_name": "04-T1-www",
            "secondary_access_key": "brfVmLW4qp8kOglUCfbkip8QYqGPvK4AuAzCaNnPDAI=",
            "secondary_connection_string": "www-redis-135v.redis.cache.windows.net:6380,password=brfVmLW4qp8kOglUCfbkip8QYqGPvK4AuAzCaNnPDAI=,ssl=true,abortConnect=False",
            "shard_count": 0,
            "sku_name": "Basic",
            "ssl_port": 6380,
            "subnet_id": "",
            "tags": {
              "environment": "production",
              "team": "www"
            },
            "tenant_settings": null,
            "timeouts": null,
            "zones": null
          },
          "sensitive_attributes": [
            [
              {
                "type": "get_attr",
                "value": "primary_access_key"
              }
            ],
            [
              {
                "type": "get_attr",
                "value": "primary_connection_string"
              }
            ],
            [
              {
                "type": "get_attr",
                "value": "redis_configuration"
              },
              {
                "type": "index",
                "value": {
                  "value": 0,
                  "type": "number"
                }
              },
              {
                "type": "get_attr",
                "value": "aof_storage_connection_string_0"
              }
            ],
            [
              {
                "type": "get_attr",
                "value": "redis_configuration"
              },
              {
                "type": "index",
                "value": {
                  "value": 0,
                  "type": "number"
                }
              },
              {
                "type": "get_attr",
                "value": "aof_storage_connection_string_1"
              }
            ],
            [
              {
                "type": "get_attr",
                "value": "redis_configuration"
              },
              {
                "type": "index",
                "value": {
                  "value": 0,
                  "type": "number"
                }
              },
              {
                "type": "get_attr",
                "value": "rdb_storage_connection_string"
              }
            ],
            [
              {
                "type": "get_attr",
                "value": "secondary_access_key"
              }
            ],
            [
              {
                "type": "get_attr",
                "value": "secondary_connection_string"
              }
            ]
          ],
          "identity_schema_version": 0,
          "private": "eyJlMmJmYjczMC1lY2FhLTExZTYtOGY4OC0zNDM2M2JjN2M0YzAiOnsiY3JlYXRlIjoxMDgwMDAwMDAwMDAwMCwiZGVsZXRlIjoxMDgwMDAwMDAwMDAwMCwicmVhZCI6MzAwMDAwMDAwMDAwLCJ1cGRhdGUiOjEwODAwMDAwMDAwMDAwfSwic2NoZW1hX3ZlcnNpb24iOiIxIn0=",
          "dependencies": [
            "azurerm_resource_group.www_rg",
            "random_string.redis_suffix"
          ]
        }
      ]
    },
    {
      "mode": "managed",
      "type": "azurerm_resource_group",
      "name": "www_rg",
      "provider": "provider[\"registry.terraform.io/hashicorp/azurerm\"]",
      "instances": [
        {
          "schema_version": 0,
          "attributes": {
            "id": "/subscriptions/99b79efe-ebd6-468c-b39f-5669acb259e1/resourceGroups/04-T1-www",
            "location": "koreacentral",
            "managed_by": "",
            "name": "04-T1-www",
            "tags": {},
            "timeouts": null
          },
          "sensitive_attributes": [],
          "identity_schema_version": 0,
          "identity": {
            "name": "04-T1-www",
            "subscription_id": "99b79efe-ebd6-468c-b39f-5669acb259e1"
          },
          "private": "eyJlMmJmYjczMC1lY2FhLTExZTYtOGY4OC0zNDM2M2JjN2M0YzAiOnsiY3JlYXRlIjo1NDAwMDAwMDAwMDAwLCJkZWxldGUiOjU0MDAwMDAwMDAwMDAsInJlYWQiOjMwMDAwMDAwMDAwMCwidXBkYXRlIjo1NDAwMDAwMDAwMDAwfX0="
        }
      ]
    },
    {
      "mode": "managed",
      "type": "azurerm_resource_group_policy_assignment",
      "name": "allowed_locations",
      "provider": "provider[\"registry.terraform.io/hashicorp/azurerm\"]",
      "instances": [
        {
          "schema_version": 0,
          "attributes": {
            "description": "이 정책은 리소스를 한국 리전(Central, South)에만 배포하도록 제한합니다.",
            "display_name": "Allowed Locations - Korea Only",
            "enforce": true,
            "id": "/subscriptions/99b79efe-ebd6-468c-b39f-5669acb259e1/resourceGroups/04-T1-www/providers/Microsoft.Authorization/policyAssignments/allowed-locations",
            "identity": [],
            "location": "",
            "metadata": "{\"createdBy\":\"492131b6-671b-43f1-ac1e-db6a26222569\",\"createdOn\":\"2025-11-27T10:15:26.6536268Z\",\"updatedBy\":null,\"updatedOn\":null}",
            "name": "allowed-locations",
            "non_compliance_message": [],
            "not_scopes": [],
            "overrides": [],
            "parameters": "{\"listOfAllowedLocations\":{\"value\":[\"koreacentral\",\"koreasouth\"]}}",
            "policy_definition_id": "/providers/Microsoft.Authorization/policyDefinitions/e56962a6-4747-49cd-b67b-bf8b01975c4c",
            "resource_group_id": "/subscriptions/99b79efe-ebd6-468c-b39f-5669acb259e1/resourceGroups/04-T1-www",
            "resource_selectors": [],
            "timeouts": null
          },
          "sensitive_attributes": [],
          "identity_schema_version": 0,
          "private": "eyJlMmJmYjczMC1lY2FhLTExZTYtOGY4OC0zNDM2M2JjN2M0YzAiOnsiY3JlYXRlIjoxODAwMDAwMDAwMDAwLCJkZWxldGUiOjE4MDAwMDAwMDAwMDAsInJlYWQiOjMwMDAwMDAwMDAwMCwidXBkYXRlIjoxODAwMDAwMDAwMDAwfX0=",
          "dependencies": [
            "azurerm_resource_group.www_rg"
          ]
        }
      ]
    },
    {
      "mode": "managed",
      "type": "azurerm_resource_group_policy_assignment",
      "name": "storage_https_only",
      "provider": "provider[\"registry.terraform.io/hashicorp/azurerm\"]",
      "instances": [
        {
          "schema_version": 0,
          "attributes": {
            "description": "Storage Account는 HTTPS를 통해서만 액세스할 수 있어야 합니다.",
            "display_name": "Storage Accounts - Secure transfer required",
            "enforce": true,
            "id": "/subscriptions/99b79efe-ebd6-468c-b39f-5669acb259e1/resourceGroups/04-T1-www/providers/Microsoft.Authorization/policyAssignments/storage-https-only",
            "identity": [],
            "location": "",
            "metadata": "{\"createdBy\":\"492131b6-671b-43f1-ac1e-db6a26222569\",\"createdOn\":\"2025-11-27T10:16:04.4949311Z\",\"updatedBy\":null,\"updatedOn\":null}",
            "name": "storage-https-only",
            "non_compliance_message": [],
            "not_scopes": [],
            "overrides": [],
            "parameters": "",
            "policy_definition_id": "/providers/Microsoft.Authorization/policyDefinitions/404c3081-a854-4457-ae30-26a93ef643f9",
            "resource_group_id": "/subscriptions/99b79efe-ebd6-468c-b39f-5669acb259e1/resourceGroups/04-T1-www",
            "resource_selectors": [],
            "timeouts": null
          },
          "sensitive_attributes": [],
          "identity_schema_version": 0,
          "private": "eyJlMmJmYjczMC1lY2FhLTExZTYtOGY4OC0zNDM2M2JjN2M0YzAiOnsiY3JlYXRlIjoxODAwMDAwMDAwMDAwLCJkZWxldGUiOjE4MDAwMDAwMDAwMDAsInJlYWQiOjMwMDAwMDAwMDAwMCwidXBkYXRlIjoxODAwMDAwMDAwMDAwfX0=",
          "dependencies": [
            "azurerm_resource_group.www_rg"
          ]
        }
      ]
    },
    {
      "mode": "managed",
      "type": "azurerm_resource_group_policy_assignment",
      "name": "subnet_nsg_required",
      "provider": "provider[\"registry.terraform.io/hashicorp/azurerm\"]",
      "instances": [
        {
          "schema_version": 0,
          "attributes": {
            "description": "이 정책은 NSG가 없는 서브넷을 감사합니다.",
            "display_name": "Subnets should have a Network Security Group",
            "enforce": true,
            "id": "/subscriptions/99b79efe-ebd6-468c-b39f-5669acb259e1/resourceGroups/04-T1-www/providers/Microsoft.Authorization/policyAssignments/subnet-nsg-required",
            "identity": [],
            "location": "",
            "metadata": "{\"createdBy\":\"492131b6-671b-43f1-ac1e-db6a26222569\",\"createdOn\":\"2025-11-27T10:15:40.9543233Z\",\"updatedBy\":null,\"updatedOn\":null}",
            "name": "subnet-nsg-required",
            "non_compliance_message": [],
            "not_scopes": [],
            "overrides": [],
            "parameters": "",
            "policy_definition_id": "/providers/Microsoft.Authorization/policyDefinitions/e71308d3-144b-4262-b144-efdc3cc90517",
            "resource_group_id": "/subscriptions/99b79efe-ebd6-468c-b39f-5669acb259e1/resourceGroups/04-T1-www",
            "resource_selectors": [],
            "timeouts": null
          },
          "sensitive_attributes": [],
          "identity_schema_version": 0,
          "private": "eyJlMmJmYjczMC1lY2FhLTExZTYtOGY4OC0zNDM2M2JjN2M0YzAiOnsiY3JlYXRlIjoxODAwMDAwMDAwMDAwLCJkZWxldGUiOjE4MDAwMDAwMDAwMDAsInJlYWQiOjMwMDAwMDAwMDAwMCwidXBkYXRlIjoxODAwMDAwMDAwMDAwfX0=",
          "dependencies": [
            "azurerm_resource_group.www_rg"
          ]
        }
      ]
    },
    {
      "mode": "managed",
      "type": "azurerm_resource_group_policy_assignment",
      "name": "vm_managed_disk",
      "provider": "provider[\"registry.terraform.io/hashicorp/azurerm\"]",
      "instances": [
        {
          "schema_version": 0,
          "attributes": {
            "description": "이 정책은 관리 디스크를 사용하지 않는 VM을 감사합니다.",
            "display_name": "Audit VMs that do not use managed disks",
            "enforce": true,
            "id": "/subscriptions/99b79efe-ebd6-468c-b39f-5669acb259e1/resourceGroups/04-T1-www/providers/Microsoft.Authorization/policyAssignments/vm-managed-disk",
            "identity": [],
            "location": "",
            "metadata": "{\"createdBy\":\"492131b6-671b-43f1-ac1e-db6a26222569\",\"createdOn\":\"2025-11-27T10:16:04.1996173Z\",\"updatedBy\":null,\"updatedOn\":null}",
            "name": "vm-managed-disk",
            "non_compliance_message": [],
            "not_scopes": [],
            "overrides": [],
            "parameters": "",
            "policy_definition_id": "/providers/Microsoft.Authorization/policyDefinitions/06a78e20-9358-41c9-923c-fb736d382a4d",
            "resource_group_id": "/subscriptions/99b79efe-ebd6-468c-b39f-5669acb259e1/resourceGroups/04-T1-www",
            "resource_selectors": [],
            "timeouts": null
          },
          "sensitive_attributes": [],
          "identity_schema_version": 0,
          "private": "eyJlMmJmYjczMC1lY2FhLTExZTYtOGY4OC0zNDM2M2JjN2M0YzAiOnsiY3JlYXRlIjoxODAwMDAwMDAwMDAwLCJkZWxldGUiOjE4MDAwMDAwMDAwMDAsInJlYWQiOjMwMDAwMDAwMDAwMCwidXBkYXRlIjoxODAwMDAwMDAwMDAwfX0=",
          "dependencies": [
            "azurerm_resource_group.www_rg"
          ]
        }
      ]
    },
    {
      "mode": "managed",
      "type": "azurerm_role_assignment",
      "name": "compute_role",
      "provider": "provider[\"registry.terraform.io/hashicorp/azurerm\"]",
      "instances": [
        {
          "schema_version": 0,
          "attributes": {
            "condition": "",
            "condition_version": "",
            "delegated_managed_identity_resource_id": "",
            "description": "",
            "id": "/subscriptions/99b79efe-ebd6-468c-b39f-5669acb259e1/resourceGroups/04-T1-www/providers/Microsoft.Authorization/roleAssignments/da0963e7-17cc-80e6-af62-4b4e91a147f8",
            "name": "da0963e7-17cc-80e6-af62-4b4e91a147f8",
            "principal_id": "5a54cace-68ce-40f1-b485-b32a226e50e5",
            "principal_type": "User",
            "role_definition_id": "/subscriptions/99b79efe-ebd6-468c-b39f-5669acb259e1/providers/Microsoft.Authorization/roleDefinitions/9980e02c-c2be-4d73-94e8-173b1dc7cf3c",
            "role_definition_name": "Virtual Machine Contributor",
            "scope": "/subscriptions/99b79efe-ebd6-468c-b39f-5669acb259e1/resourceGroups/04-T1-www",
            "skip_service_principal_aad_check": null,
            "timeouts": null
          },
          "sensitive_attributes": [],
          "identity_schema_version": 0,
          "private": "eyJlMmJmYjczMC1lY2FhLTExZTYtOGY4OC0zNDM2M2JjN2M0YzAiOnsiY3JlYXRlIjoxODAwMDAwMDAwMDAwLCJkZWxldGUiOjE4MDAwMDAwMDAwMDAsInJlYWQiOjMwMDAwMDAwMDAwMH19",
          "dependencies": [
            "azurerm_resource_group.www_rg",
            "data.azuread_user.compute_admin"
          ]
        }
      ]
    },
    {
      "mode": "managed",
      "type": "azurerm_role_assignment",
      "name": "db_role",
      "provider": "provider[\"registry.terraform.io/hashicorp/azurerm\"]",
      "instances": [
        {
          "schema_version": 0,
          "attributes": {
            "condition": "",
            "condition_version": "",
            "delegated_managed_identity_resource_id": "",
            "description": "",
            "id": "/subscriptions/99b79efe-ebd6-468c-b39f-5669acb259e1/resourceGroups/04-T1-www/providers/Microsoft.Authorization/roleAssignments/b35e2814-47e0-5107-4b90-89dbb81a583f",
            "name": "b35e2814-47e0-5107-4b90-89dbb81a583f",
            "principal_id": "492131b6-671b-43f1-ac1e-db6a26222569",
            "principal_type": "User",
            "role_definition_id": "/subscriptions/99b79efe-ebd6-468c-b39f-5669acb259e1/providers/Microsoft.Authorization/roleDefinitions/b24988ac-6180-42a0-ab88-20f7382dd24c",
            "role_definition_name": "Contributor",
            "scope": "/subscriptions/99b79efe-ebd6-468c-b39f-5669acb259e1/resourceGroups/04-T1-www",
            "skip_service_principal_aad_check": null,
            "timeouts": null
          },
          "sensitive_attributes": [],
          "identity_schema_version": 0,
          "private": "eyJlMmJmYjczMC1lY2FhLTExZTYtOGY4OC0zNDM2M2JjN2M0YzAiOnsiY3JlYXRlIjoxODAwMDAwMDAwMDAwLCJkZWxldGUiOjE4MDAwMDAwMDAwMDAsInJlYWQiOjMwMDAwMDAwMDAwMH19",
          "dependencies": [
            "azurerm_resource_group.www_rg",
            "data.azuread_user.db_admin"
          ]
        }
      ]
    },
    {
      "mode": "managed",
      "type": "azurerm_role_assignment",
      "name": "network_role",
      "provider": "provider[\"registry.terraform.io/hashicorp/azurerm\"]",
      "instances": [
        {
          "schema_version": 0,
          "attributes": {
            "condition": "",
            "condition_version": "",
            "delegated_managed_identity_resource_id": "",
            "description": "",
            "id": "/subscriptions/99b79efe-ebd6-468c-b39f-5669acb259e1/resourceGroups/04-T1-www/providers/Microsoft.Authorization/roleAssignments/a3aed13c-2a17-22d2-48e3-899877875f5a",
            "name": "a3aed13c-2a17-22d2-48e3-899877875f5a",
            "principal_id": "459480bc-f44e-4582-8c98-71fa3d881811",
            "principal_type": "User",
            "role_definition_id": "/subscriptions/99b79efe-ebd6-468c-b39f-5669acb259e1/providers/Microsoft.Authorization/roleDefinitions/4d97b98b-1d4f-4787-a291-c67834d212e7",
            "role_definition_name": "Network Contributor",
            "scope": "/subscriptions/99b79efe-ebd6-468c-b39f-5669acb259e1/resourceGroups/04-T1-www",
            "skip_service_principal_aad_check": null,
            "timeouts": null
          },
          "sensitive_attributes": [],
          "identity_schema_version": 0,
          "private": "eyJlMmJmYjczMC1lY2FhLTExZTYtOGY4OC0zNDM2M2JjN2M0YzAiOnsiY3JlYXRlIjoxODAwMDAwMDAwMDAwLCJkZWxldGUiOjE4MDAwMDAwMDAwMDAsInJlYWQiOjMwMDAwMDAwMDAwMH19",
          "dependencies": [
            "azurerm_resource_group.www_rg",
            "data.azuread_user.network_admin"
          ]
        }
      ]
    },
    {
      "mode": "managed",
      "type": "azurerm_role_assignment",
      "name": "pm_role",
      "provider": "provider[\"registry.terraform.io/hashicorp/azurerm\"]",
      "instances": [
        {
          "schema_version": 0,
          "attributes": {
            "condition": "",
            "condition_version": "",
            "delegated_managed_identity_resource_id": "",
            "description": "",
            "id": "/subscriptions/99b79efe-ebd6-468c-b39f-5669acb259e1/resourceGroups/04-T1-www/providers/Microsoft.Authorization/roleAssignments/fe7d6907-a5f0-38ae-4d54-971b6a7cfe79",
            "name": "fe7d6907-a5f0-38ae-4d54-971b6a7cfe79",
            "principal_id": "cbca0876-4730-495c-8c47-18b9c9af868a",
            "principal_type": "User",
            "role_definition_id": "/subscriptions/99b79efe-ebd6-468c-b39f-5669acb259e1/providers/Microsoft.Authorization/roleDefinitions/8e3af657-a8ff-443c-a75c-2fe8c4bcb635",
            "role_definition_name": "Owner",
            "scope": "/subscriptions/99b79efe-ebd6-468c-b39f-5669acb259e1/resourceGroups/04-T1-www",
            "skip_service_principal_aad_check": null,
            "timeouts": null
          },
          "sensitive_attributes": [],
          "identity_schema_version": 0,
          "private": "eyJlMmJmYjczMC1lY2FhLTExZTYtOGY4OC0zNDM2M2JjN2M0YzAiOnsiY3JlYXRlIjoxODAwMDAwMDAwMDAwLCJkZWxldGUiOjE4MDAwMDAwMDAwMDAsInJlYWQiOjMwMDAwMDAwMDAwMH19",
          "dependencies": [
            "azurerm_resource_group.www_rg",
            "data.azuread_user.pm_user"
          ]
        }
      ]
    },
    {
      "mode": "managed",
      "type": "azurerm_role_assignment",
      "name": "security_role",
      "provider": "provider[\"registry.terraform.io/hashicorp/azurerm\"]",
      "instances": [
        {
          "schema_version": 0,
          "attributes": {
            "condition": "",
            "condition_version": "",
            "delegated_managed_identity_resource_id": "",
            "description": "",
            "id": "/subscriptions/99b79efe-ebd6-468c-b39f-5669acb259e1/resourceGroups/04-T1-www/providers/Microsoft.Authorization/roleAssignments/5615e58e-9a52-62a3-98a2-ac1dd869e5fd",
            "name": "5615e58e-9a52-62a3-98a2-ac1dd869e5fd",
            "principal_id": "b9d57093-411e-4141-b5a5-faf01b0edd17",
            "principal_type": "User",
            "role_definition_id": "/subscriptions/99b79efe-ebd6-468c-b39f-5669acb259e1/providers/Microsoft.Authorization/roleDefinitions/fb1c8493-542b-48eb-b624-b4c8fea62acd",
            "role_definition_name": "Security Admin",
            "scope": "/subscriptions/99b79efe-ebd6-468c-b39f-5669acb259e1/resourceGroups/04-T1-www",
            "skip_service_principal_aad_check": null,
            "timeouts": null
          },
          "sensitive_attributes": [],
          "identity_schema_version": 0,
          "private": "eyJlMmJmYjczMC1lY2FhLTExZTYtOGY4OC0zNDM2M2JjN2M0YzAiOnsiY3JlYXRlIjoxODAwMDAwMDAwMDAwLCJkZWxldGUiOjE4MDAwMDAwMDAwMDAsInJlYWQiOjMwMDAwMDAwMDAwMH19",
          "dependencies": [
            "azurerm_resource_group.www_rg",
            "data.azuread_user.security_admin"
          ]
        }
      ]
    },
    {
      "mode": "managed",
      "type": "azurerm_shared_image",
      "name": "www_sig_image",
      "provider": "provider[\"registry.terraform.io/hashicorp/azurerm\"]",
      "instances": [
        {
          "schema_version": 0,
          "attributes": {
            "accelerated_network_support_enabled": false,
            "architecture": "x64",
            "confidential_vm_enabled": false,
            "confidential_vm_supported": false,
            "description": "",
            "disk_controller_type_nvme_enabled": false,
            "disk_types_not_allowed": [],
            "end_of_life_date": null,
            "eula": "",
            "gallery_name": "wwwwwwgallery",
            "hibernation_enabled": false,
            "hyper_v_generation": "V2",
            "id": "/subscriptions/99b79efe-ebd6-468c-b39f-5669acb259e1/resourceGroups/04-T1-www/providers/Microsoft.Compute/galleries/wwwwwwgallery/images/www-image",
            "identifier": [
              {
                "offer": "rockylinux-x86_64",
                "publisher": "resf",
                "sku": "9-lvm"
              }
            ],
            "location": "koreacentral",
            "max_recommended_memory_in_gb": 4,
            "max_recommended_vcpu_count": 2,
            "min_recommended_memory_in_gb": 2,
            "min_recommended_vcpu_count": 1,
            "name": "www-image",
            "os_type": "Linux",
            "privacy_statement_uri": "",
            "purchase_plan": [],
            "release_note_uri": "",
            "resource_group_name": "04-T1-www",
            "specialized": false,
            "tags": {},
            "timeouts": null,
            "trusted_launch_enabled": false,
            "trusted_launch_supported": false
          },
          "sensitive_attributes": [],
          "identity_schema_version": 0,
          "identity": {
            "gallery_name": "wwwwwwgallery",
            "name": "www-image",
            "resource_group_name": "04-T1-www",
            "subscription_id": "99b79efe-ebd6-468c-b39f-5669acb259e1"
          },
          "private": "eyJlMmJmYjczMC1lY2FhLTExZTYtOGY4OC0zNDM2M2JjN2M0YzAiOnsiY3JlYXRlIjoxODAwMDAwMDAwMDAwLCJkZWxldGUiOjE4MDAwMDAwMDAwMDAsInJlYWQiOjMwMDAwMDAwMDAwMCwidXBkYXRlIjoxODAwMDAwMDAwMDAwfX0=",
          "dependencies": [
            "azurerm_resource_group.www_rg",
            "azurerm_shared_image_gallery.www_gallery"
          ]
        }
      ]
    },
    {
      "mode": "managed",
      "type": "azurerm_shared_image_gallery",
      "name": "www_gallery",
      "provider": "provider[\"registry.terraform.io/hashicorp/azurerm\"]",
      "instances": [
        {
          "schema_version": 0,
          "attributes": {
            "description": "",
            "id": "/subscriptions/99b79efe-ebd6-468c-b39f-5669acb259e1/resourceGroups/04-T1-www/providers/Microsoft.Compute/galleries/wwwwwwgallery",
            "location": "koreacentral",
            "name": "wwwwwwgallery",
            "resource_group_name": "04-T1-www",
            "sharing": [],
            "tags": {},
            "timeouts": null,
            "unique_name": "99b79efe-ebd6-468c-b39f-5669acb259e1-WWWWWWGALLERY"
          },
          "sensitive_attributes": [],
          "identity_schema_version": 0,
          "identity": {
            "name": "wwwwwwgallery",
            "resource_group_name": "04-T1-www",
            "subscription_id": "99b79efe-ebd6-468c-b39f-5669acb259e1"
          },
          "private": "eyJlMmJmYjczMC1lY2FhLTExZTYtOGY4OC0zNDM2M2JjN2M0YzAiOnsiY3JlYXRlIjoxODAwMDAwMDAwMDAwLCJkZWxldGUiOjE4MDAwMDAwMDAwMDAsInJlYWQiOjMwMDAwMDAwMDAwMCwidXBkYXRlIjoxODAwMDAwMDAwMDAwfX0=",
          "dependencies": [
            "azurerm_resource_group.www_rg"
          ]
        }
      ]
    },
    {
      "mode": "managed",
      "type": "azurerm_shared_image_version",
      "name": "www_version",
      "provider": "provider[\"registry.terraform.io/hashicorp/azurerm\"]",
      "instances": [
        {
          "schema_version": 0,
          "attributes": {
            "blob_uri": "",
            "deletion_of_replicated_locations_enabled": false,
            "end_of_life_date": null,
            "exclude_from_latest": false,
            "gallery_name": "wwwwwwgallery",
            "id": "/subscriptions/99b79efe-ebd6-468c-b39f-5669acb259e1/resourceGroups/04-T1-www/providers/Microsoft.Compute/galleries/wwwwwwgallery/images/www-image/versions/1.0.0",
            "image_name": "www-image",
            "location": "koreacentral",
            "managed_image_id": "/subscriptions/99b79efe-ebd6-468c-b39f-5669acb259e1/resourceGroups/04-T1-www/providers/Microsoft.Compute/images/www-image",
            "name": "1.0.0",
            "os_disk_snapshot_id": "",
            "replication_mode": "Full",
            "resource_group_name": "04-T1-www",
            "storage_account_id": "",
            "tags": {},
            "target_region": [
              {
                "disk_encryption_set_id": "",
                "exclude_from_latest_enabled": false,
                "name": "koreacentral",
                "regional_replica_count": 1,
                "storage_account_type": "Standard_LRS"
              },
              {
                "disk_encryption_set_id": "",
                "exclude_from_latest_enabled": false,
                "name": "koreasouth",
                "regional_replica_count": 1,
                "storage_account_type": "Standard_LRS"
              }
            ],
            "timeouts": null
          },
          "sensitive_attributes": [],
          "identity_schema_version": 0,
          "private": "eyJlMmJmYjczMC1lY2FhLTExZTYtOGY4OC0zNDM2M2JjN2M0YzAiOnsiY3JlYXRlIjoxODAwMDAwMDAwMDAwLCJkZWxldGUiOjE4MDAwMDAwMDAwMDAsInJlYWQiOjMwMDAwMDAwMDAwMCwidXBkYXRlIjoxODAwMDAwMDAwMDAwfX0=",
          "dependencies": [
            "azurerm_image.www_image",
            "azurerm_linux_virtual_machine.www_web2vm",
            "azurerm_managed_disk.www_disk",
            "azurerm_nat_gateway.www_nat",
            "azurerm_network_interface.www_web2_nic",
            "azurerm_resource_group.www_rg",
            "azurerm_shared_image.www_sig_image",
            "azurerm_shared_image_gallery.www_gallery",
            "azurerm_subnet.www_web2",
            "azurerm_virtual_network.www_vnet0",
            "null_resource.www_web2_deallocate"
          ]
        }
      ]
    },
    {
      "mode": "managed",
      "type": "azurerm_storage_account",
      "name": "premium_sa",
      "provider": "provider[\"registry.terraform.io/hashicorp/azurerm\"]",
      "instances": [
        {
          "schema_version": 4,
          "attributes": {
            "access_tier": "",
            "account_kind": "BlockBlobStorage",
            "account_replication_type": "LRS",
            "account_tier": "Premium",
            "allow_nested_items_to_be_public": true,
            "allowed_copy_scope": "",
            "azure_files_authentication": [],
            "blob_properties": [
              {
                "change_feed_enabled": false,
                "change_feed_retention_in_days": 0,
                "container_delete_retention_policy": [],
                "cors_rule": [],
                "default_service_version": "",
                "delete_retention_policy": [],
                "last_access_time_enabled": false,
                "restore_policy": [],
                "versioning_enabled": false
              }
            ],
            "cross_tenant_replication_enabled": false,
            "custom_domain": [],
            "customer_managed_key": [],
            "default_to_oauth_authentication": false,
            "dns_endpoint_type": "Standard",
            "edge_zone": "",
            "https_traffic_only_enabled": true,
            "id": "/subscriptions/99b79efe-ebd6-468c-b39f-5669acb259e1/resourceGroups/04-T1-www/providers/Microsoft.Storage/storageAccounts/wwwpremiumsa9zd5o6",
            "identity": [],
            "immutability_policy": [],
            "infrastructure_encryption_enabled": false,
            "is_hns_enabled": false,
            "large_file_share_enabled": false,
            "local_user_enabled": true,
            "location": "koreacentral",
            "min_tls_version": "TLS1_2",
            "name": "wwwpremiumsa9zd5o6",
            "network_rules": [],
            "nfsv3_enabled": false,
            "primary_access_key": "na8xSdUCy57K2CKmeqiZqNjMsCMSGISWQdO1lxicM47IyMuXnTeJhxdkx8yzr/heb00UB7cTzPHm+AStet1k/g==",
            "primary_blob_connection_string": "DefaultEndpointsProtocol=https;BlobEndpoint=https://wwwpremiumsa9zd5o6.blob.core.windows.net/;AccountName=wwwpremiumsa9zd5o6;AccountKey=na8xSdUCy57K2CKmeqiZqNjMsCMSGISWQdO1lxicM47IyMuXnTeJhxdkx8yzr/heb00UB7cTzPHm+AStet1k/g==",
            "primary_blob_endpoint": "https://wwwpremiumsa9zd5o6.blob.core.windows.net/",
            "primary_blob_host": "wwwpremiumsa9zd5o6.blob.core.windows.net",
            "primary_blob_internet_endpoint": "",
            "primary_blob_internet_host": "",
            "primary_blob_microsoft_endpoint": "",
            "primary_blob_microsoft_host": "",
            "primary_connection_string": "DefaultEndpointsProtocol=https;AccountName=wwwpremiumsa9zd5o6;AccountKey=na8xSdUCy57K2CKmeqiZqNjMsCMSGISWQdO1lxicM47IyMuXnTeJhxdkx8yzr/heb00UB7cTzPHm+AStet1k/g==;EndpointSuffix=core.windows.net",
            "primary_dfs_endpoint": "https://wwwpremiumsa9zd5o6.dfs.core.windows.net/",
            "primary_dfs_host": "wwwpremiumsa9zd5o6.dfs.core.windows.net",
            "primary_dfs_internet_endpoint": "",
            "primary_dfs_internet_host": "",
            "primary_dfs_microsoft_endpoint": "",
            "primary_dfs_microsoft_host": "",
            "primary_file_endpoint": "",
            "primary_file_host": "",
            "primary_file_internet_endpoint": "",
            "primary_file_internet_host": "",
            "primary_file_microsoft_endpoint": "",
            "primary_file_microsoft_host": "",
            "primary_location": "koreacentral",
            "primary_queue_endpoint": "",
            "primary_queue_host": "",
            "primary_queue_microsoft_endpoint": "",
            "primary_queue_microsoft_host": "",
            "primary_table_endpoint": "",
            "primary_table_host": "",
            "primary_table_microsoft_endpoint": "",
            "primary_table_microsoft_host": "",
            "primary_web_endpoint": "https://wwwpremiumsa9zd5o6.z12.web.core.windows.net/",
            "primary_web_host": "wwwpremiumsa9zd5o6.z12.web.core.windows.net",
            "primary_web_internet_endpoint": "",
            "primary_web_internet_host": "",
            "primary_web_microsoft_endpoint": "",
            "primary_web_microsoft_host": "",
            "provisioned_billing_model_version": "",
            "public_network_access_enabled": true,
            "queue_encryption_key_type": "Service",
            "queue_properties": [],
            "resource_group_name": "04-T1-www",
            "routing": [],
            "sas_policy": [],
            "secondary_access_key": "VyPCBKdZA7yC8lcCgkgUOIvL3idqx6/EaFngNfg1daYrOvWoH7pRSHbYsRHwebo5/ZHSzu7r0YRn+AStOvHiQQ==",
            "secondary_blob_connection_string": "",
            "secondary_blob_endpoint": "",
            "secondary_blob_host": "",
            "secondary_blob_internet_endpoint": "",
            "secondary_blob_internet_host": "",
            "secondary_blob_microsoft_endpoint": "",
            "secondary_blob_microsoft_host": "",
            "secondary_connection_string": "DefaultEndpointsProtocol=https;AccountName=wwwpremiumsa9zd5o6;AccountKey=VyPCBKdZA7yC8lcCgkgUOIvL3idqx6/EaFngNfg1daYrOvWoH7pRSHbYsRHwebo5/ZHSzu7r0YRn+AStOvHiQQ==;EndpointSuffix=core.windows.net",
            "secondary_dfs_endpoint": "",
            "secondary_dfs_host": "",
            "secondary_dfs_internet_endpoint": "",
            "secondary_dfs_internet_host": "",
            "secondary_dfs_microsoft_endpoint": "",
            "secondary_dfs_microsoft_host": "",
            "secondary_file_endpoint": "",
            "secondary_file_host": "",
            "secondary_file_internet_endpoint": "",
            "secondary_file_internet_host": "",
            "secondary_file_microsoft_endpoint": "",
            "secondary_file_microsoft_host": "",
            "secondary_location": "",
            "secondary_queue_endpoint": "",
            "secondary_queue_host": "",
            "secondary_queue_microsoft_endpoint": "",
            "secondary_queue_microsoft_host": "",
            "secondary_table_endpoint": "",
            "secondary_table_host": "",
            "secondary_table_microsoft_endpoint": "",
            "secondary_table_microsoft_host": "",
            "secondary_web_endpoint": "",
            "secondary_web_host": "",
            "secondary_web_internet_endpoint": "",
            "secondary_web_internet_host": "",
            "secondary_web_microsoft_endpoint": "",
            "secondary_web_microsoft_host": "",
            "sftp_enabled": false,
            "share_properties": [],
            "shared_access_key_enabled": true,
            "static_website": [],
            "table_encryption_key_type": "Service",
            "tags": null,
            "timeouts": null
          },
          "sensitive_attributes": [
            [
              {
                "type": "get_attr",
                "value": "primary_access_key"
              }
            ],
            [
              {
                "type": "get_attr",
                "value": "primary_blob_connection_string"
              }
            ],
            [
              {
                "type": "get_attr",
                "value": "primary_connection_string"
              }
            ],
            [
              {
                "type": "get_attr",
                "value": "secondary_access_key"
              }
            ],
            [
              {
                "type": "get_attr",
                "value": "secondary_blob_connection_string"
              }
            ],
            [
              {
                "type": "get_attr",
                "value": "secondary_connection_string"
              }
            ]
          ],
          "identity_schema_version": 0,
          "identity": {
            "name": "wwwpremiumsa9zd5o6",
            "resource_group_name": "04-T1-www",
            "subscription_id": "99b79efe-ebd6-468c-b39f-5669acb259e1"
          },
          "private": "eyJlMmJmYjczMC1lY2FhLTExZTYtOGY4OC0zNDM2M2JjN2M0YzAiOnsiY3JlYXRlIjozNjAwMDAwMDAwMDAwLCJkZWxldGUiOjM2MDAwMDAwMDAwMDAsInJlYWQiOjMwMDAwMDAwMDAwMCwidXBkYXRlIjozNjAwMDAwMDAwMDAwfSwic2NoZW1hX3ZlcnNpb24iOiI0In0=",
          "dependencies": [
            "azurerm_resource_group.www_rg",
            "random_string.sa_suffix"
          ]
        }
      ]
    },
    {
      "mode": "managed",
      "type": "azurerm_storage_account",
      "name": "www_sa",
      "provider": "provider[\"registry.terraform.io/hashicorp/azurerm\"]",
      "instances": [
        {
          "schema_version": 4,
          "attributes": {
            "access_tier": "Hot",
            "account_kind": "StorageV2",
            "account_replication_type": "GRS",
            "account_tier": "Standard",
            "allow_nested_items_to_be_public": true,
            "allowed_copy_scope": "",
            "azure_files_authentication": [],
            "blob_properties": [
              {
                "change_feed_enabled": false,
                "change_feed_retention_in_days": 0,
                "container_delete_retention_policy": [
                  {
                    "days": 7
                  }
                ],
                "cors_rule": [],
                "default_service_version": "",
                "delete_retention_policy": [
                  {
                    "days": 7,
                    "permanent_delete_enabled": false
                  }
                ],
                "last_access_time_enabled": false,
                "restore_policy": [],
                "versioning_enabled": true
              }
            ],
            "cross_tenant_replication_enabled": false,
            "custom_domain": [],
            "customer_managed_key": [],
            "default_to_oauth_authentication": false,
            "dns_endpoint_type": "Standard",
            "edge_zone": "",
            "https_traffic_only_enabled": true,
            "id": "/subscriptions/99b79efe-ebd6-468c-b39f-5669acb259e1/resourceGroups/04-T1-www/providers/Microsoft.Storage/storageAccounts/wwwstorewww004",
            "identity": [],
            "immutability_policy": [],
            "infrastructure_encryption_enabled": false,
            "is_hns_enabled": false,
            "large_file_share_enabled": false,
            "local_user_enabled": true,
            "location": "koreacentral",
            "min_tls_version": "TLS1_2",
            "name": "wwwstorewww004",
            "network_rules": [
              {
                "bypass": [
                  "AzureServices"
                ],
                "default_action": "Deny",
                "ip_rules": [
                  "61.108.60.26"
                ],
                "private_link_access": [],
                "virtual_network_subnet_ids": [
                  "/subscriptions/99b79efe-ebd6-468c-b39f-5669acb259e1/resourceGroups/04-T1-www/providers/Microsoft.Network/virtualNetworks/www-vnet0/subnets/www-db"
                ]
              }
            ],
            "nfsv3_enabled": false,
            "primary_access_key": "3C4Ky3Zj1GLFCUIneL2lKl4JnTxIfljxt2trHUJ5c2vjA6miKXVcD9HciX/gpDxijBPbWHcv42x3+AStwxS+nw==",
            "primary_blob_connection_string": "DefaultEndpointsProtocol=https;BlobEndpoint=https://wwwstorewww004.blob.core.windows.net/;AccountName=wwwstorewww004;AccountKey=3C4Ky3Zj1GLFCUIneL2lKl4JnTxIfljxt2trHUJ5c2vjA6miKXVcD9HciX/gpDxijBPbWHcv42x3+AStwxS+nw==",
            "primary_blob_endpoint": "https://wwwstorewww004.blob.core.windows.net/",
            "primary_blob_host": "wwwstorewww004.blob.core.windows.net",
            "primary_blob_internet_endpoint": "",
            "primary_blob_internet_host": "",
            "primary_blob_microsoft_endpoint": "",
            "primary_blob_microsoft_host": "",
            "primary_connection_string": "DefaultEndpointsProtocol=https;AccountName=wwwstorewww004;AccountKey=3C4Ky3Zj1GLFCUIneL2lKl4JnTxIfljxt2trHUJ5c2vjA6miKXVcD9HciX/gpDxijBPbWHcv42x3+AStwxS+nw==;EndpointSuffix=core.windows.net",
            "primary_dfs_endpoint": "https://wwwstorewww004.dfs.core.windows.net/",
            "primary_dfs_host": "wwwstorewww004.dfs.core.windows.net",
            "primary_dfs_internet_endpoint": "",
            "primary_dfs_internet_host": "",
            "primary_dfs_microsoft_endpoint": "",
            "primary_dfs_microsoft_host": "",
            "primary_file_endpoint": "https://wwwstorewww004.file.core.windows.net/",
            "primary_file_host": "wwwstorewww004.file.core.windows.net",
            "primary_file_internet_endpoint": "",
            "primary_file_internet_host": "",
            "primary_file_microsoft_endpoint": "",
            "primary_file_microsoft_host": "",
            "primary_location": "koreacentral",
            "primary_queue_endpoint": "https://wwwstorewww004.queue.core.windows.net/",
            "primary_queue_host": "wwwstorewww004.queue.core.windows.net",
            "primary_queue_microsoft_endpoint": "",
            "primary_queue_microsoft_host": "",
            "primary_table_endpoint": "https://wwwstorewww004.table.core.windows.net/",
            "primary_table_host": "wwwstorewww004.table.core.windows.net",
            "primary_table_microsoft_endpoint": "",
            "primary_table_microsoft_host": "",
            "primary_web_endpoint": "https://wwwstorewww004.z12.web.core.windows.net/",
            "primary_web_host": "wwwstorewww004.z12.web.core.windows.net",
            "primary_web_internet_endpoint": "",
            "primary_web_internet_host": "",
            "primary_web_microsoft_endpoint": "",
            "primary_web_microsoft_host": "",
            "provisioned_billing_model_version": "",
            "public_network_access_enabled": true,
            "queue_encryption_key_type": "Service",
            "queue_properties": [
              {
                "cors_rule": [],
                "hour_metrics": [
                  {
                    "enabled": false,
                    "include_apis": false,
                    "retention_policy_days": 0,
                    "version": "1.0"
                  }
                ],
                "logging": [
                  {
                    "delete": false,
                    "read": false,
                    "retention_policy_days": 0,
                    "version": "1.0",
                    "write": false
                  }
                ],
                "minute_metrics": [
                  {
                    "enabled": false,
                    "include_apis": false,
                    "retention_policy_days": 0,
                    "version": "1.0"
                  }
                ]
              }
            ],
            "resource_group_name": "04-T1-www",
            "routing": [],
            "sas_policy": [],
            "secondary_access_key": "Wci/6ocRGCh1Zw+8c5FTwjOZSxJxzieeDkgYp6/pgKlHgPQJ3A55x2j6jsYwcbeAQIj3/1BfncHq+ASt2mLaaQ==",
            "secondary_blob_connection_string": "",
            "secondary_blob_endpoint": "",
            "secondary_blob_host": "",
            "secondary_blob_internet_endpoint": "",
            "secondary_blob_internet_host": "",
            "secondary_blob_microsoft_endpoint": "",
            "secondary_blob_microsoft_host": "",
            "secondary_connection_string": "DefaultEndpointsProtocol=https;AccountName=wwwstorewww004;AccountKey=Wci/6ocRGCh1Zw+8c5FTwjOZSxJxzieeDkgYp6/pgKlHgPQJ3A55x2j6jsYwcbeAQIj3/1BfncHq+ASt2mLaaQ==;EndpointSuffix=core.windows.net",
            "secondary_dfs_endpoint": "",
            "secondary_dfs_host": "",
            "secondary_dfs_internet_endpoint": "",
            "secondary_dfs_internet_host": "",
            "secondary_dfs_microsoft_endpoint": "",
            "secondary_dfs_microsoft_host": "",
            "secondary_file_endpoint": "",
            "secondary_file_host": "",
            "secondary_file_internet_endpoint": "",
            "secondary_file_internet_host": "",
            "secondary_file_microsoft_endpoint": "",
            "secondary_file_microsoft_host": "",
            "secondary_location": "koreasouth",
            "secondary_queue_endpoint": "",
            "secondary_queue_host": "",
            "secondary_queue_microsoft_endpoint": "",
            "secondary_queue_microsoft_host": "",
            "secondary_table_endpoint": "",
            "secondary_table_host": "",
            "secondary_table_microsoft_endpoint": "",
            "secondary_table_microsoft_host": "",
            "secondary_web_endpoint": "",
            "secondary_web_host": "",
            "secondary_web_internet_endpoint": "",
            "secondary_web_internet_host": "",
            "secondary_web_microsoft_endpoint": "",
            "secondary_web_microsoft_host": "",
            "sftp_enabled": false,
            "share_properties": [
              {
                "cors_rule": [],
                "retention_policy": [
                  {
                    "days": 7
                  }
                ],
                "smb": []
              }
            ],
            "shared_access_key_enabled": true,
            "static_website": [],
            "table_encryption_key_type": "Service",
            "tags": {
              "environment": "production",
              "team": "www"
            },
            "timeouts": null
          },
          "sensitive_attributes": [
            [
              {
                "type": "get_attr",
                "value": "primary_access_key"
              }
            ],
            [
              {
                "type": "get_attr",
                "value": "primary_blob_connection_string"
              }
            ],
            [
              {
                "type": "get_attr",
                "value": "primary_connection_string"
              }
            ],
            [
              {
                "type": "get_attr",
                "value": "secondary_access_key"
              }
            ],
            [
              {
                "type": "get_attr",
                "value": "secondary_blob_connection_string"
              }
            ],
            [
              {
                "type": "get_attr",
                "value": "secondary_connection_string"
              }
            ]
          ],
          "identity_schema_version": 0,
          "identity": {
            "name": "wwwstorewww004",
            "resource_group_name": "04-T1-www",
            "subscription_id": "99b79efe-ebd6-468c-b39f-5669acb259e1"
          },
          "private": "eyJlMmJmYjczMC1lY2FhLTExZTYtOGY4OC0zNDM2M2JjN2M0YzAiOnsiY3JlYXRlIjozNjAwMDAwMDAwMDAwLCJkZWxldGUiOjM2MDAwMDAwMDAwMDAsInJlYWQiOjMwMDAwMDAwMDAwMCwidXBkYXRlIjozNjAwMDAwMDAwMDAwfSwic2NoZW1hX3ZlcnNpb24iOiI0In0=",
          "dependencies": [
            "azurerm_resource_group.www_rg",
            "azurerm_subnet.www_db",
            "azurerm_virtual_network.www_vnet0"
          ]
        }
      ]
    },
    {
      "mode": "managed",
      "type": "azurerm_storage_container",
      "name": "mysql_backups",
      "provider": "provider[\"registry.terraform.io/hashicorp/azurerm\"]",
      "instances": [
        {
          "schema_version": 1,
          "attributes": {
            "container_access_type": "private",
            "default_encryption_scope": "$account-encryption-key",
            "encryption_scope_override_enabled": true,
            "has_immutability_policy": false,
            "has_legal_hold": false,
            "id": "/subscriptions/99b79efe-ebd6-468c-b39f-5669acb259e1/resourceGroups/04-T1-www/providers/Microsoft.Storage/storageAccounts/wwwstorewww004/blobServices/default/containers/mysql-backups",
            "metadata": {},
            "name": "mysql-backups",
            "resource_manager_id": "/subscriptions/99b79efe-ebd6-468c-b39f-5669acb259e1/resourceGroups/04-T1-www/providers/Microsoft.Storage/storageAccounts/wwwstorewww004/blobServices/default/containers/mysql-backups",
            "storage_account_id": "/subscriptions/99b79efe-ebd6-468c-b39f-5669acb259e1/resourceGroups/04-T1-www/providers/Microsoft.Storage/storageAccounts/wwwstorewww004",
            "storage_account_name": "",
            "timeouts": null
          },
          "sensitive_attributes": [],
          "identity_schema_version": 0,
          "private": "eyJlMmJmYjczMC1lY2FhLTExZTYtOGY4OC0zNDM2M2JjN2M0YzAiOnsiY3JlYXRlIjoxODAwMDAwMDAwMDAwLCJkZWxldGUiOjE4MDAwMDAwMDAwMDAsInJlYWQiOjMwMDAwMDAwMDAwMCwidXBkYXRlIjoxODAwMDAwMDAwMDAwfSwic2NoZW1hX3ZlcnNpb24iOiIxIn0=",
          "dependencies": [
            "azurerm_resource_group.www_rg",
            "azurerm_storage_account.www_sa",
            "azurerm_subnet.www_db",
            "azurerm_virtual_network.www_vnet0"
          ]
        }
      ]
    },
    {
      "mode": "managed",
      "type": "azurerm_storage_container",
      "name": "wordpress_content",
      "provider": "provider[\"registry.terraform.io/hashicorp/azurerm\"]",
      "instances": [
        {
          "schema_version": 1,
          "attributes": {
            "container_access_type": "blob",
            "default_encryption_scope": "$account-encryption-key",
            "encryption_scope_override_enabled": true,
            "has_immutability_policy": false,
            "has_legal_hold": false,
            "id": "/subscriptions/99b79efe-ebd6-468c-b39f-5669acb259e1/resourceGroups/04-T1-www/providers/Microsoft.Storage/storageAccounts/wwwstorewww004/blobServices/default/containers/wordpress-content",
            "metadata": {},
            "name": "wordpress-content",
            "resource_manager_id": "/subscriptions/99b79efe-ebd6-468c-b39f-5669acb259e1/resourceGroups/04-T1-www/providers/Microsoft.Storage/storageAccounts/wwwstorewww004/blobServices/default/containers/wordpress-content",
            "storage_account_id": "/subscriptions/99b79efe-ebd6-468c-b39f-5669acb259e1/resourceGroups/04-T1-www/providers/Microsoft.Storage/storageAccounts/wwwstorewww004",
            "storage_account_name": "",
            "timeouts": null
          },
          "sensitive_attributes": [],
          "identity_schema_version": 0,
          "private": "eyJlMmJmYjczMC1lY2FhLTExZTYtOGY4OC0zNDM2M2JjN2M0YzAiOnsiY3JlYXRlIjoxODAwMDAwMDAwMDAwLCJkZWxldGUiOjE4MDAwMDAwMDAwMDAsInJlYWQiOjMwMDAwMDAwMDAwMCwidXBkYXRlIjoxODAwMDAwMDAwMDAwfSwic2NoZW1hX3ZlcnNpb24iOiIxIn0=",
          "dependencies": [
            "azurerm_resource_group.www_rg",
            "azurerm_storage_account.www_sa",
            "azurerm_subnet.www_db",
            "azurerm_virtual_network.www_vnet0"
          ]
        }
      ]
    },
    {
      "mode": "managed",
      "type": "azurerm_storage_container",
      "name": "www_container",
      "provider": "provider[\"registry.terraform.io/hashicorp/azurerm\"]",
      "instances": [
        {
          "schema_version": 1,
          "attributes": {
            "container_access_type": "private",
            "default_encryption_scope": "$account-encryption-key",
            "encryption_scope_override_enabled": true,
            "has_immutability_policy": false,
            "has_legal_hold": false,
            "id": "/subscriptions/99b79efe-ebd6-468c-b39f-5669acb259e1/resourceGroups/04-T1-www/providers/Microsoft.Storage/storageAccounts/wwwstorewww004/blobServices/default/containers/www-files",
            "metadata": {},
            "name": "www-files",
            "resource_manager_id": "/subscriptions/99b79efe-ebd6-468c-b39f-5669acb259e1/resourceGroups/04-T1-www/providers/Microsoft.Storage/storageAccounts/wwwstorewww004/blobServices/default/containers/www-files",
            "storage_account_id": "/subscriptions/99b79efe-ebd6-468c-b39f-5669acb259e1/resourceGroups/04-T1-www/providers/Microsoft.Storage/storageAccounts/wwwstorewww004",
            "storage_account_name": "",
            "timeouts": null
          },
          "sensitive_attributes": [],
          "identity_schema_version": 0,
          "private": "eyJlMmJmYjczMC1lY2FhLTExZTYtOGY4OC0zNDM2M2JjN2M0YzAiOnsiY3JlYXRlIjoxODAwMDAwMDAwMDAwLCJkZWxldGUiOjE4MDAwMDAwMDAwMDAsInJlYWQiOjMwMDAwMDAwMDAwMCwidXBkYXRlIjoxODAwMDAwMDAwMDAwfSwic2NoZW1hX3ZlcnNpb24iOiIxIn0=",
          "dependencies": [
            "azurerm_resource_group.www_rg",
            "azurerm_storage_account.www_sa",
            "azurerm_subnet.www_db",
            "azurerm_virtual_network.www_vnet0"
          ]
        }
      ]
    },
    {
      "mode": "managed",
      "type": "azurerm_storage_container",
      "name": "www_media",
      "provider": "provider[\"registry.terraform.io/hashicorp/azurerm\"]",
      "instances": [
        {
          "schema_version": 1,
          "attributes": {
            "container_access_type": "private",
            "default_encryption_scope": "$account-encryption-key",
            "encryption_scope_override_enabled": true,
            "has_immutability_policy": false,
            "has_legal_hold": false,
            "id": "/subscriptions/99b79efe-ebd6-468c-b39f-5669acb259e1/resourceGroups/04-T1-www/providers/Microsoft.Storage/storageAccounts/wwwstorewww004/blobServices/default/containers/media",
            "metadata": {},
            "name": "media",
            "resource_manager_id": "/subscriptions/99b79efe-ebd6-468c-b39f-5669acb259e1/resourceGroups/04-T1-www/providers/Microsoft.Storage/storageAccounts/wwwstorewww004/blobServices/default/containers/media",
            "storage_account_id": "/subscriptions/99b79efe-ebd6-468c-b39f-5669acb259e1/resourceGroups/04-T1-www/providers/Microsoft.Storage/storageAccounts/wwwstorewww004",
            "storage_account_name": "",
            "timeouts": null
          },
          "sensitive_attributes": [],
          "identity_schema_version": 0,
          "private": "eyJlMmJmYjczMC1lY2FhLTExZTYtOGY4OC0zNDM2M2JjN2M0YzAiOnsiY3JlYXRlIjoxODAwMDAwMDAwMDAwLCJkZWxldGUiOjE4MDAwMDAwMDAwMDAsInJlYWQiOjMwMDAwMDAwMDAwMCwidXBkYXRlIjoxODAwMDAwMDAwMDAwfSwic2NoZW1hX3ZlcnNpb24iOiIxIn0=",
          "dependencies": [
            "azurerm_resource_group.www_rg",
            "azurerm_storage_account.www_sa",
            "azurerm_subnet.www_db",
            "azurerm_virtual_network.www_vnet0"
          ]
        }
      ]
    },
    {
      "mode": "managed",
      "type": "azurerm_storage_container",
      "name": "www_tfstate",
      "provider": "provider[\"registry.terraform.io/hashicorp/azurerm\"]",
      "instances": [
        {
          "schema_version": 1,
          "attributes": {
            "container_access_type": "private",
            "default_encryption_scope": "$account-encryption-key",
            "encryption_scope_override_enabled": true,
            "has_immutability_policy": false,
            "has_legal_hold": false,
            "id": "/subscriptions/99b79efe-ebd6-468c-b39f-5669acb259e1/resourceGroups/04-T1-www/providers/Microsoft.Storage/storageAccounts/wwwstorewww004/blobServices/default/containers/tfstate",
            "metadata": {},
            "name": "tfstate",
            "resource_manager_id": "/subscriptions/99b79efe-ebd6-468c-b39f-5669acb259e1/resourceGroups/04-T1-www/providers/Microsoft.Storage/storageAccounts/wwwstorewww004/blobServices/default/containers/tfstate",
            "storage_account_id": "/subscriptions/99b79efe-ebd6-468c-b39f-5669acb259e1/resourceGroups/04-T1-www/providers/Microsoft.Storage/storageAccounts/wwwstorewww004",
            "storage_account_name": "",
            "timeouts": null
          },
          "sensitive_attributes": [],
          "identity_schema_version": 0,
          "private": "eyJlMmJmYjczMC1lY2FhLTExZTYtOGY4OC0zNDM2M2JjN2M0YzAiOnsiY3JlYXRlIjoxODAwMDAwMDAwMDAwLCJkZWxldGUiOjE4MDAwMDAwMDAwMDAsInJlYWQiOjMwMDAwMDAwMDAwMCwidXBkYXRlIjoxODAwMDAwMDAwMDAwfSwic2NoZW1hX3ZlcnNpb24iOiIxIn0=",
          "dependencies": [
            "azurerm_resource_group.www_rg",
            "azurerm_storage_account.www_sa",
            "azurerm_subnet.www_db",
            "azurerm_virtual_network.www_vnet0"
          ]
        }
      ]
    },
    {
      "mode": "managed",
      "type": "azurerm_storage_management_policy",
      "name": "www_policy",
      "provider": "provider[\"registry.terraform.io/hashicorp/azurerm\"]",
      "instances": [
        {
          "schema_version": 0,
          "attributes": {
            "id": "/subscriptions/99b79efe-ebd6-468c-b39f-5669acb259e1/resourceGroups/04-T1-www/providers/Microsoft.Storage/storageAccounts/wwwstorewww004/managementPolicies/default",
            "rule": [
              {
                "actions": [
                  {
                    "base_blob": [
                      {
                        "auto_tier_to_hot_from_cool_enabled": false,
                        "delete_after_days_since_creation_greater_than": -1,
                        "delete_after_days_since_last_access_time_greater_than": -1,
                        "delete_after_days_since_modification_greater_than": 365,
                        "tier_to_archive_after_days_since_creation_greater_than": -1,
                        "tier_to_archive_after_days_since_last_access_time_greater_than": -1,
                        "tier_to_archive_after_days_since_last_tier_change_greater_than": -1,
                        "tier_to_archive_after_days_since_modification_greater_than": 90,
                        "tier_to_cold_after_days_since_creation_greater_than": -1,
                        "tier_to_cold_after_days_since_last_access_time_greater_than": -1,
                        "tier_to_cold_after_days_since_modification_greater_than": -1,
                        "tier_to_cool_after_days_since_creation_greater_than": -1,
                        "tier_to_cool_after_days_since_last_access_time_greater_than": -1,
                        "tier_to_cool_after_days_since_modification_greater_than": 30
                      }
                    ],
                    "snapshot": [],
                    "version": []
                  }
                ],
                "enabled": true,
                "filters": [
                  {
                    "blob_types": [
                      "blockBlob"
                    ],
                    "match_blob_index_tag": [],
                    "prefix_match": [
                      "media/"
                    ]
                  }
                ],
                "name": "cleanup-old-files"
              }
            ],
            "storage_account_id": "/subscriptions/99b79efe-ebd6-468c-b39f-5669acb259e1/resourceGroups/04-T1-www/providers/Microsoft.Storage/storageAccounts/wwwstorewww004",
            "timeouts": null
          },
          "sensitive_attributes": [],
          "identity_schema_version": 0,
          "private": "eyJlMmJmYjczMC1lY2FhLTExZTYtOGY4OC0zNDM2M2JjN2M0YzAiOnsiY3JlYXRlIjoxODAwMDAwMDAwMDAwLCJkZWxldGUiOjE4MDAwMDAwMDAwMDAsInJlYWQiOjMwMDAwMDAwMDAwMCwidXBkYXRlIjoxODAwMDAwMDAwMDAwfX0=",
          "dependencies": [
            "azurerm_resource_group.www_rg",
            "azurerm_storage_account.www_sa",
            "azurerm_subnet.www_db",
            "azurerm_virtual_network.www_vnet0"
          ]
        }
      ]
    },
    {
      "mode": "managed",
      "type": "azurerm_storage_share",
      "name": "share",
      "provider": "provider[\"registry.terraform.io/hashicorp/azurerm\"]",
      "instances": [
        {
          "schema_version": 2,
          "attributes": {
            "access_tier": "TransactionOptimized",
            "acl": [],
            "enabled_protocol": "SMB",
            "id": "/subscriptions/99b79efe-ebd6-468c-b39f-5669acb259e1/resourceGroups/04-T1-www/providers/Microsoft.Storage/storageAccounts/wwwstorewww004/fileServices/default/shares/www-share",
            "metadata": {},
            "name": "www-share",
            "quota": 50,
            "resource_manager_id": "/subscriptions/99b79efe-ebd6-468c-b39f-5669acb259e1/resourceGroups/04-T1-www/providers/Microsoft.Storage/storageAccounts/wwwstorewww004/fileServices/default/shares/www-share",
            "storage_account_id": "/subscriptions/99b79efe-ebd6-468c-b39f-5669acb259e1/resourceGroups/04-T1-www/providers/Microsoft.Storage/storageAccounts/wwwstorewww004",
            "storage_account_name": "",
            "timeouts": null,
            "url": "https://wwwstorewww004.file.core.windows.net/www-share"
          },
          "sensitive_attributes": [],
          "identity_schema_version": 0,
          "private": "eyJlMmJmYjczMC1lY2FhLTExZTYtOGY4OC0zNDM2M2JjN2M0YzAiOnsiY3JlYXRlIjoxODAwMDAwMDAwMDAwLCJkZWxldGUiOjE4MDAwMDAwMDAwMDAsInJlYWQiOjMwMDAwMDAwMDAwMCwidXBkYXRlIjoxODAwMDAwMDAwMDAwfSwic2NoZW1hX3ZlcnNpb24iOiIyIn0=",
          "dependencies": [
            "azurerm_resource_group.www_rg",
            "azurerm_storage_account.www_sa",
            "azurerm_subnet.www_db",
            "azurerm_virtual_network.www_vnet0"
          ]
        }
      ]
    },
    {
      "mode": "managed",
      "type": "azurerm_subnet",
      "name": "www_appgw",
      "provider": "provider[\"registry.terraform.io/hashicorp/azurerm\"]",
      "instances": [
        {
          "schema_version": 0,
          "attributes": {
            "address_prefixes": [
              "192.168.0.0/24"
            ],
            "default_outbound_access_enabled": true,
            "delegation": [],
            "id": "/subscriptions/99b79efe-ebd6-468c-b39f-5669acb259e1/resourceGroups/04-T1-www/providers/Microsoft.Network/virtualNetworks/www-vnet1/subnets/www-appgw",
            "ip_address_pool": [],
            "name": "www-appgw",
            "private_endpoint_network_policies": "Disabled",
            "private_link_service_network_policies_enabled": true,
            "resource_group_name": "04-T1-www",
            "service_endpoint_policy_ids": [],
            "service_endpoints": [],
            "sharing_scope": "",
            "timeouts": null,
            "virtual_network_name": "www-vnet1"
          },
          "sensitive_attributes": [],
          "identity_schema_version": 0,
          "identity": {
            "name": "www-appgw",
            "resource_group_name": "04-T1-www",
            "subscription_id": "99b79efe-ebd6-468c-b39f-5669acb259e1",
            "virtual_network_name": "www-vnet1"
          },
          "private": "eyJlMmJmYjczMC1lY2FhLTExZTYtOGY4OC0zNDM2M2JjN2M0YzAiOnsiY3JlYXRlIjoxODAwMDAwMDAwMDAwLCJkZWxldGUiOjE4MDAwMDAwMDAwMDAsInJlYWQiOjMwMDAwMDAwMDAwMCwidXBkYXRlIjoxODAwMDAwMDAwMDAwfX0=",
          "dependencies": [
            "azurerm_resource_group.www_rg",
            "azurerm_virtual_network.www_vnet1"
          ]
        }
      ]
    },
    {
      "mode": "managed",
      "type": "azurerm_subnet",
      "name": "www_bas",
      "provider": "provider[\"registry.terraform.io/hashicorp/azurerm\"]",
      "instances": [
        {
          "schema_version": 0,
          "attributes": {
            "address_prefixes": [
              "10.0.0.0/24"
            ],
            "default_outbound_access_enabled": true,
            "delegation": [],
            "id": "/subscriptions/99b79efe-ebd6-468c-b39f-5669acb259e1/resourceGroups/04-T1-www/providers/Microsoft.Network/virtualNetworks/www-vnet0/subnets/www-bas",
            "ip_address_pool": [],
            "name": "www-bas",
            "private_endpoint_network_policies": "Disabled",
            "private_link_service_network_policies_enabled": true,
            "resource_group_name": "04-T1-www",
            "service_endpoint_policy_ids": [],
            "service_endpoints": [],
            "sharing_scope": "",
            "timeouts": null,
            "virtual_network_name": "www-vnet0"
          },
          "sensitive_attributes": [],
          "identity_schema_version": 0,
          "identity": {
            "name": "www-bas",
            "resource_group_name": "04-T1-www",
            "subscription_id": "99b79efe-ebd6-468c-b39f-5669acb259e1",
            "virtual_network_name": "www-vnet0"
          },
          "private": "eyJlMmJmYjczMC1lY2FhLTExZTYtOGY4OC0zNDM2M2JjN2M0YzAiOnsiY3JlYXRlIjoxODAwMDAwMDAwMDAwLCJkZWxldGUiOjE4MDAwMDAwMDAwMDAsInJlYWQiOjMwMDAwMDAwMDAwMCwidXBkYXRlIjoxODAwMDAwMDAwMDAwfX0=",
          "dependencies": [
            "azurerm_resource_group.www_rg",
            "azurerm_virtual_network.www_vnet0"
          ]
        }
      ]
    },
    {
      "mode": "managed",
      "type": "azurerm_subnet",
      "name": "www_db",
      "provider": "provider[\"registry.terraform.io/hashicorp/azurerm\"]",
      "instances": [
        {
          "schema_version": 0,
          "attributes": {
            "address_prefixes": [
              "10.0.4.0/24"
            ],
            "default_outbound_access_enabled": false,
            "delegation": [],
            "id": "/subscriptions/99b79efe-ebd6-468c-b39f-5669acb259e1/resourceGroups/04-T1-www/providers/Microsoft.Network/virtualNetworks/www-vnet0/subnets/www-db",
            "ip_address_pool": [],
            "name": "www-db",
            "private_endpoint_network_policies": "Disabled",
            "private_link_service_network_policies_enabled": true,
            "resource_group_name": "04-T1-www",
            "service_endpoint_policy_ids": [],
            "service_endpoints": [
              "Microsoft.Storage"
            ],
            "sharing_scope": "",
            "timeouts": null,
            "virtual_network_name": "www-vnet0"
          },
          "sensitive_attributes": [],
          "identity_schema_version": 0,
          "identity": {
            "name": "www-db",
            "resource_group_name": "04-T1-www",
            "subscription_id": "99b79efe-ebd6-468c-b39f-5669acb259e1",
            "virtual_network_name": "www-vnet0"
          },
          "private": "eyJlMmJmYjczMC1lY2FhLTExZTYtOGY4OC0zNDM2M2JjN2M0YzAiOnsiY3JlYXRlIjoxODAwMDAwMDAwMDAwLCJkZWxldGUiOjE4MDAwMDAwMDAwMDAsInJlYWQiOjMwMDAwMDAwMDAwMCwidXBkYXRlIjoxODAwMDAwMDAwMDAwfX0=",
          "dependencies": [
            "azurerm_resource_group.www_rg",
            "azurerm_virtual_network.www_vnet0"
          ]
        }
      ]
    },
    {
      "mode": "managed",
      "type": "azurerm_subnet",
      "name": "www_nat",
      "provider": "provider[\"registry.terraform.io/hashicorp/azurerm\"]",
      "instances": [
        {
          "schema_version": 0,
          "attributes": {
            "address_prefixes": [
              "10.0.1.0/24"
            ],
            "default_outbound_access_enabled": true,
            "delegation": [],
            "id": "/subscriptions/99b79efe-ebd6-468c-b39f-5669acb259e1/resourceGroups/04-T1-www/providers/Microsoft.Network/virtualNetworks/www-vnet0/subnets/www-nat",
            "ip_address_pool": [],
            "name": "www-nat",
            "private_endpoint_network_policies": "Disabled",
            "private_link_service_network_policies_enabled": true,
            "resource_group_name": "04-T1-www",
            "service_endpoint_policy_ids": [],
            "service_endpoints": [],
            "sharing_scope": "",
            "timeouts": null,
            "virtual_network_name": "www-vnet0"
          },
          "sensitive_attributes": [],
          "identity_schema_version": 0,
          "identity": {
            "name": "www-nat",
            "resource_group_name": "04-T1-www",
            "subscription_id": "99b79efe-ebd6-468c-b39f-5669acb259e1",
            "virtual_network_name": "www-vnet0"
          },
          "private": "eyJlMmJmYjczMC1lY2FhLTExZTYtOGY4OC0zNDM2M2JjN2M0YzAiOnsiY3JlYXRlIjoxODAwMDAwMDAwMDAwLCJkZWxldGUiOjE4MDAwMDAwMDAwMDAsInJlYWQiOjMwMDAwMDAwMDAwMCwidXBkYXRlIjoxODAwMDAwMDAwMDAwfX0=",
          "dependencies": [
            "azurerm_resource_group.www_rg",
            "azurerm_virtual_network.www_vnet0"
          ]
        }
      ]
    },
    {
      "mode": "managed",
      "type": "azurerm_subnet",
      "name": "www_nat_v1",
      "provider": "provider[\"registry.terraform.io/hashicorp/azurerm\"]",
      "instances": [
        {
          "schema_version": 0,
          "attributes": {
            "address_prefixes": [
              "192.168.1.0/24"
            ],
            "default_outbound_access_enabled": true,
            "delegation": [],
            "id": "/subscriptions/99b79efe-ebd6-468c-b39f-5669acb259e1/resourceGroups/04-T1-www/providers/Microsoft.Network/virtualNetworks/www-vnet1/subnets/www-nat-v1",
            "ip_address_pool": [],
            "name": "www-nat-v1",
            "private_endpoint_network_policies": "Disabled",
            "private_link_service_network_policies_enabled": true,
            "resource_group_name": "04-T1-www",
            "service_endpoint_policy_ids": [],
            "service_endpoints": [],
            "sharing_scope": "",
            "timeouts": null,
            "virtual_network_name": "www-vnet1"
          },
          "sensitive_attributes": [],
          "identity_schema_version": 0,
          "identity": {
            "name": "www-nat-v1",
            "resource_group_name": "04-T1-www",
            "subscription_id": "99b79efe-ebd6-468c-b39f-5669acb259e1",
            "virtual_network_name": "www-vnet1"
          },
          "private": "eyJlMmJmYjczMC1lY2FhLTExZTYtOGY4OC0zNDM2M2JjN2M0YzAiOnsiY3JlYXRlIjoxODAwMDAwMDAwMDAwLCJkZWxldGUiOjE4MDAwMDAwMDAwMDAsInJlYWQiOjMwMDAwMDAwMDAwMCwidXBkYXRlIjoxODAwMDAwMDAwMDAwfX0=",
          "dependencies": [
            "azurerm_resource_group.www_rg",
            "azurerm_virtual_network.www_vnet1"
          ]
        }
      ]
    },
    {
      "mode": "managed",
      "type": "azurerm_subnet",
      "name": "www_vmss",
      "provider": "provider[\"registry.terraform.io/hashicorp/azurerm\"]",
      "instances": [
        {
          "schema_version": 0,
          "attributes": {
            "address_prefixes": [
              "192.168.4.0/24"
            ],
            "default_outbound_access_enabled": false,
            "delegation": [],
            "id": "/subscriptions/99b79efe-ebd6-468c-b39f-5669acb259e1/resourceGroups/04-T1-www/providers/Microsoft.Network/virtualNetworks/www-vnet1/subnets/www-vmss",
            "ip_address_pool": [],
            "name": "www-vmss",
            "private_endpoint_network_policies": "Disabled",
            "private_link_service_network_policies_enabled": true,
            "resource_group_name": "04-T1-www",
            "service_endpoint_policy_ids": [],
            "service_endpoints": [],
            "sharing_scope": "",
            "timeouts": null,
            "virtual_network_name": "www-vnet1"
          },
          "sensitive_attributes": [],
          "identity_schema_version": 0,
          "identity": {
            "name": "www-vmss",
            "resource_group_name": "04-T1-www",
            "subscription_id": "99b79efe-ebd6-468c-b39f-5669acb259e1",
            "virtual_network_name": "www-vnet1"
          },
          "private": "eyJlMmJmYjczMC1lY2FhLTExZTYtOGY4OC0zNDM2M2JjN2M0YzAiOnsiY3JlYXRlIjoxODAwMDAwMDAwMDAwLCJkZWxldGUiOjE4MDAwMDAwMDAwMDAsInJlYWQiOjMwMDAwMDAwMDAwMCwidXBkYXRlIjoxODAwMDAwMDAwMDAwfX0=",
          "dependencies": [
            "azurerm_resource_group.www_rg",
            "azurerm_virtual_network.www_vnet1"
          ]
        }
      ]
    },
    {
      "mode": "managed",
      "type": "azurerm_subnet",
      "name": "www_web1",
      "provider": "provider[\"registry.terraform.io/hashicorp/azurerm\"]",
      "instances": [
        {
          "schema_version": 0,
          "attributes": {
            "address_prefixes": [
              "10.0.2.0/24"
            ],
            "default_outbound_access_enabled": false,
            "delegation": [],
            "id": "/subscriptions/99b79efe-ebd6-468c-b39f-5669acb259e1/resourceGroups/04-T1-www/providers/Microsoft.Network/virtualNetworks/www-vnet0/subnets/www-web1",
            "ip_address_pool": [],
            "name": "www-web1",
            "private_endpoint_network_policies": "Disabled",
            "private_link_service_network_policies_enabled": true,
            "resource_group_name": "04-T1-www",
            "service_endpoint_policy_ids": [],
            "service_endpoints": [],
            "sharing_scope": "",
            "timeouts": null,
            "virtual_network_name": "www-vnet0"
          },
          "sensitive_attributes": [],
          "identity_schema_version": 0,
          "identity": {
            "name": "www-web1",
            "resource_group_name": "04-T1-www",
            "subscription_id": "99b79efe-ebd6-468c-b39f-5669acb259e1",
            "virtual_network_name": "www-vnet0"
          },
          "private": "eyJlMmJmYjczMC1lY2FhLTExZTYtOGY4OC0zNDM2M2JjN2M0YzAiOnsiY3JlYXRlIjoxODAwMDAwMDAwMDAwLCJkZWxldGUiOjE4MDAwMDAwMDAwMDAsInJlYWQiOjMwMDAwMDAwMDAwMCwidXBkYXRlIjoxODAwMDAwMDAwMDAwfX0=",
          "dependencies": [
            "azurerm_resource_group.www_rg",
            "azurerm_virtual_network.www_vnet0"
          ]
        }
      ]
    },
    {
      "mode": "managed",
      "type": "azurerm_subnet",
      "name": "www_web1_v1",
      "provider": "provider[\"registry.terraform.io/hashicorp/azurerm\"]",
      "instances": [
        {
          "schema_version": 0,
          "attributes": {
            "address_prefixes": [
              "192.168.2.0/24"
            ],
            "default_outbound_access_enabled": false,
            "delegation": [],
            "id": "/subscriptions/99b79efe-ebd6-468c-b39f-5669acb259e1/resourceGroups/04-T1-www/providers/Microsoft.Network/virtualNetworks/www-vnet1/subnets/www-web1-v1",
            "ip_address_pool": [],
            "name": "www-web1-v1",
            "private_endpoint_network_policies": "Disabled",
            "private_link_service_network_policies_enabled": true,
            "resource_group_name": "04-T1-www",
            "service_endpoint_policy_ids": [],
            "service_endpoints": [],
            "sharing_scope": "",
            "timeouts": null,
            "virtual_network_name": "www-vnet1"
          },
          "sensitive_attributes": [],
          "identity_schema_version": 0,
          "identity": {
            "name": "www-web1-v1",
            "resource_group_name": "04-T1-www",
            "subscription_id": "99b79efe-ebd6-468c-b39f-5669acb259e1",
            "virtual_network_name": "www-vnet1"
          },
          "private": "eyJlMmJmYjczMC1lY2FhLTExZTYtOGY4OC0zNDM2M2JjN2M0YzAiOnsiY3JlYXRlIjoxODAwMDAwMDAwMDAwLCJkZWxldGUiOjE4MDAwMDAwMDAwMDAsInJlYWQiOjMwMDAwMDAwMDAwMCwidXBkYXRlIjoxODAwMDAwMDAwMDAwfX0=",
          "dependencies": [
            "azurerm_resource_group.www_rg",
            "azurerm_virtual_network.www_vnet1"
          ]
        }
      ]
    },
    {
      "mode": "managed",
      "type": "azurerm_subnet",
      "name": "www_web2",
      "provider": "provider[\"registry.terraform.io/hashicorp/azurerm\"]",
      "instances": [
        {
          "schema_version": 0,
          "attributes": {
            "address_prefixes": [
              "10.0.3.0/24"
            ],
            "default_outbound_access_enabled": false,
            "delegation": [],
            "id": "/subscriptions/99b79efe-ebd6-468c-b39f-5669acb259e1/resourceGroups/04-T1-www/providers/Microsoft.Network/virtualNetworks/www-vnet0/subnets/www-web2",
            "ip_address_pool": [],
            "name": "www-web2",
            "private_endpoint_network_policies": "Disabled",
            "private_link_service_network_policies_enabled": true,
            "resource_group_name": "04-T1-www",
            "service_endpoint_policy_ids": [],
            "service_endpoints": [],
            "sharing_scope": "",
            "timeouts": null,
            "virtual_network_name": "www-vnet0"
          },
          "sensitive_attributes": [],
          "identity_schema_version": 0,
          "identity": {
            "name": "www-web2",
            "resource_group_name": "04-T1-www",
            "subscription_id": "99b79efe-ebd6-468c-b39f-5669acb259e1",
            "virtual_network_name": "www-vnet0"
          },
          "private": "eyJlMmJmYjczMC1lY2FhLTExZTYtOGY4OC0zNDM2M2JjN2M0YzAiOnsiY3JlYXRlIjoxODAwMDAwMDAwMDAwLCJkZWxldGUiOjE4MDAwMDAwMDAwMDAsInJlYWQiOjMwMDAwMDAwMDAwMCwidXBkYXRlIjoxODAwMDAwMDAwMDAwfX0=",
          "dependencies": [
            "azurerm_resource_group.www_rg",
            "azurerm_virtual_network.www_vnet0"
          ]
        }
      ]
    },
    {
      "mode": "managed",
      "type": "azurerm_subnet",
      "name": "www_web2_v1",
      "provider": "provider[\"registry.terraform.io/hashicorp/azurerm\"]",
      "instances": [
        {
          "schema_version": 0,
          "attributes": {
            "address_prefixes": [
              "192.168.3.0/24"
            ],
            "default_outbound_access_enabled": false,
            "delegation": [],
            "id": "/subscriptions/99b79efe-ebd6-468c-b39f-5669acb259e1/resourceGroups/04-T1-www/providers/Microsoft.Network/virtualNetworks/www-vnet1/subnets/www-web2-v1",
            "ip_address_pool": [],
            "name": "www-web2-v1",
            "private_endpoint_network_policies": "Disabled",
            "private_link_service_network_policies_enabled": true,
            "resource_group_name": "04-T1-www",
            "service_endpoint_policy_ids": [],
            "service_endpoints": [],
            "sharing_scope": "",
            "timeouts": null,
            "virtual_network_name": "www-vnet1"
          },
          "sensitive_attributes": [],
          "identity_schema_version": 0,
          "identity": {
            "name": "www-web2-v1",
            "resource_group_name": "04-T1-www",
            "subscription_id": "99b79efe-ebd6-468c-b39f-5669acb259e1",
            "virtual_network_name": "www-vnet1"
          },
          "private": "eyJlMmJmYjczMC1lY2FhLTExZTYtOGY4OC0zNDM2M2JjN2M0YzAiOnsiY3JlYXRlIjoxODAwMDAwMDAwMDAwLCJkZWxldGUiOjE4MDAwMDAwMDAwMDAsInJlYWQiOjMwMDAwMDAwMDAwMCwidXBkYXRlIjoxODAwMDAwMDAwMDAwfX0=",
          "dependencies": [
            "azurerm_resource_group.www_rg",
            "azurerm_virtual_network.www_vnet1"
          ]
        }
      ]
    },
    {
      "mode": "managed",
      "type": "azurerm_subnet_nat_gateway_association",
      "name": "www_natdb",
      "provider": "provider[\"registry.terraform.io/hashicorp/azurerm\"]",
      "instances": [
        {
          "schema_version": 0,
          "attributes": {
            "id": "/subscriptions/99b79efe-ebd6-468c-b39f-5669acb259e1/resourceGroups/04-T1-www/providers/Microsoft.Network/virtualNetworks/www-vnet0/subnets/www-db",
            "nat_gateway_id": "/subscriptions/99b79efe-ebd6-468c-b39f-5669acb259e1/resourceGroups/04-T1-www/providers/Microsoft.Network/natGateways/www-nat",
            "subnet_id": "/subscriptions/99b79efe-ebd6-468c-b39f-5669acb259e1/resourceGroups/04-T1-www/providers/Microsoft.Network/virtualNetworks/www-vnet0/subnets/www-db",
            "timeouts": null
          },
          "sensitive_attributes": [],
          "identity_schema_version": 0,
          "private": "eyJlMmJmYjczMC1lY2FhLTExZTYtOGY4OC0zNDM2M2JjN2M0YzAiOnsiY3JlYXRlIjoxODAwMDAwMDAwMDAwLCJkZWxldGUiOjE4MDAwMDAwMDAwMDAsInJlYWQiOjMwMDAwMDAwMDAwMH19",
          "dependencies": [
            "azurerm_nat_gateway.www_nat",
            "azurerm_resource_group.www_rg",
            "azurerm_subnet.www_db",
            "azurerm_virtual_network.www_vnet0"
          ]
        }
      ]
    },
    {
      "mode": "managed",
      "type": "azurerm_subnet_nat_gateway_association",
      "name": "www_natvmss",
      "provider": "provider[\"registry.terraform.io/hashicorp/azurerm\"]",
      "instances": [
        {
          "schema_version": 0,
          "attributes": {
            "id": "/subscriptions/99b79efe-ebd6-468c-b39f-5669acb259e1/resourceGroups/04-T1-www/providers/Microsoft.Network/virtualNetworks/www-vnet1/subnets/www-vmss",
            "nat_gateway_id": "/subscriptions/99b79efe-ebd6-468c-b39f-5669acb259e1/resourceGroups/04-T1-www/providers/Microsoft.Network/natGateways/www-nat-v1",
            "subnet_id": "/subscriptions/99b79efe-ebd6-468c-b39f-5669acb259e1/resourceGroups/04-T1-www/providers/Microsoft.Network/virtualNetworks/www-vnet1/subnets/www-vmss",
            "timeouts": null
          },
          "sensitive_attributes": [],
          "identity_schema_version": 0,
          "private": "eyJlMmJmYjczMC1lY2FhLTExZTYtOGY4OC0zNDM2M2JjN2M0YzAiOnsiY3JlYXRlIjoxODAwMDAwMDAwMDAwLCJkZWxldGUiOjE4MDAwMDAwMDAwMDAsInJlYWQiOjMwMDAwMDAwMDAwMH19",
          "dependencies": [
            "azurerm_nat_gateway.www_nat_v1",
            "azurerm_resource_group.www_rg",
            "azurerm_subnet.www_vmss",
            "azurerm_virtual_network.www_vnet1"
          ]
        }
      ]
    },
    {
      "mode": "managed",
      "type": "azurerm_subnet_nat_gateway_association",
      "name": "www_natweb1",
      "provider": "provider[\"registry.terraform.io/hashicorp/azurerm\"]",
      "instances": [
        {
          "schema_version": 0,
          "attributes": {
            "id": "/subscriptions/99b79efe-ebd6-468c-b39f-5669acb259e1/resourceGroups/04-T1-www/providers/Microsoft.Network/virtualNetworks/www-vnet0/subnets/www-web1",
            "nat_gateway_id": "/subscriptions/99b79efe-ebd6-468c-b39f-5669acb259e1/resourceGroups/04-T1-www/providers/Microsoft.Network/natGateways/www-nat",
            "subnet_id": "/subscriptions/99b79efe-ebd6-468c-b39f-5669acb259e1/resourceGroups/04-T1-www/providers/Microsoft.Network/virtualNetworks/www-vnet0/subnets/www-web1",
            "timeouts": null
          },
          "sensitive_attributes": [],
          "identity_schema_version": 0,
          "private": "eyJlMmJmYjczMC1lY2FhLTExZTYtOGY4OC0zNDM2M2JjN2M0YzAiOnsiY3JlYXRlIjoxODAwMDAwMDAwMDAwLCJkZWxldGUiOjE4MDAwMDAwMDAwMDAsInJlYWQiOjMwMDAwMDAwMDAwMH19",
          "dependencies": [
            "azurerm_nat_gateway.www_nat",
            "azurerm_resource_group.www_rg",
            "azurerm_subnet.www_web1",
            "azurerm_virtual_network.www_vnet0"
          ]
        }
      ]
    },
    {
      "mode": "managed",
      "type": "azurerm_subnet_nat_gateway_association",
      "name": "www_natweb1_v1",
      "provider": "provider[\"registry.terraform.io/hashicorp/azurerm\"]",
      "instances": [
        {
          "schema_version": 0,
          "attributes": {
            "id": "/subscriptions/99b79efe-ebd6-468c-b39f-5669acb259e1/resourceGroups/04-T1-www/providers/Microsoft.Network/virtualNetworks/www-vnet1/subnets/www-web1-v1",
            "nat_gateway_id": "/subscriptions/99b79efe-ebd6-468c-b39f-5669acb259e1/resourceGroups/04-T1-www/providers/Microsoft.Network/natGateways/www-nat-v1",
            "subnet_id": "/subscriptions/99b79efe-ebd6-468c-b39f-5669acb259e1/resourceGroups/04-T1-www/providers/Microsoft.Network/virtualNetworks/www-vnet1/subnets/www-web1-v1",
            "timeouts": null
          },
          "sensitive_attributes": [],
          "identity_schema_version": 0,
          "private": "eyJlMmJmYjczMC1lY2FhLTExZTYtOGY4OC0zNDM2M2JjN2M0YzAiOnsiY3JlYXRlIjoxODAwMDAwMDAwMDAwLCJkZWxldGUiOjE4MDAwMDAwMDAwMDAsInJlYWQiOjMwMDAwMDAwMDAwMH19",
          "dependencies": [
            "azurerm_nat_gateway.www_nat_v1",
            "azurerm_resource_group.www_rg",
            "azurerm_subnet.www_web1_v1",
            "azurerm_virtual_network.www_vnet1"
          ]
        }
      ]
    },
    {
      "mode": "managed",
      "type": "azurerm_subnet_nat_gateway_association",
      "name": "www_natweb2",
      "provider": "provider[\"registry.terraform.io/hashicorp/azurerm\"]",
      "instances": [
        {
          "schema_version": 0,
          "attributes": {
            "id": "/subscriptions/99b79efe-ebd6-468c-b39f-5669acb259e1/resourceGroups/04-T1-www/providers/Microsoft.Network/virtualNetworks/www-vnet0/subnets/www-web2",
            "nat_gateway_id": "/subscriptions/99b79efe-ebd6-468c-b39f-5669acb259e1/resourceGroups/04-T1-www/providers/Microsoft.Network/natGateways/www-nat",
            "subnet_id": "/subscriptions/99b79efe-ebd6-468c-b39f-5669acb259e1/resourceGroups/04-T1-www/providers/Microsoft.Network/virtualNetworks/www-vnet0/subnets/www-web2",
            "timeouts": null
          },
          "sensitive_attributes": [],
          "identity_schema_version": 0,
          "private": "eyJlMmJmYjczMC1lY2FhLTExZTYtOGY4OC0zNDM2M2JjN2M0YzAiOnsiY3JlYXRlIjoxODAwMDAwMDAwMDAwLCJkZWxldGUiOjE4MDAwMDAwMDAwMDAsInJlYWQiOjMwMDAwMDAwMDAwMH19",
          "dependencies": [
            "azurerm_nat_gateway.www_nat",
            "azurerm_resource_group.www_rg",
            "azurerm_subnet.www_web2",
            "azurerm_virtual_network.www_vnet0"
          ]
        }
      ]
    },
    {
      "mode": "managed",
      "type": "azurerm_subnet_nat_gateway_association",
      "name": "www_natweb2_v1",
      "provider": "provider[\"registry.terraform.io/hashicorp/azurerm\"]",
      "instances": [
        {
          "schema_version": 0,
          "attributes": {
            "id": "/subscriptions/99b79efe-ebd6-468c-b39f-5669acb259e1/resourceGroups/04-T1-www/providers/Microsoft.Network/virtualNetworks/www-vnet1/subnets/www-web2-v1",
            "nat_gateway_id": "/subscriptions/99b79efe-ebd6-468c-b39f-5669acb259e1/resourceGroups/04-T1-www/providers/Microsoft.Network/natGateways/www-nat-v1",
            "subnet_id": "/subscriptions/99b79efe-ebd6-468c-b39f-5669acb259e1/resourceGroups/04-T1-www/providers/Microsoft.Network/virtualNetworks/www-vnet1/subnets/www-web2-v1",
            "timeouts": null
          },
          "sensitive_attributes": [],
          "identity_schema_version": 0,
          "private": "eyJlMmJmYjczMC1lY2FhLTExZTYtOGY4OC0zNDM2M2JjN2M0YzAiOnsiY3JlYXRlIjoxODAwMDAwMDAwMDAwLCJkZWxldGUiOjE4MDAwMDAwMDAwMDAsInJlYWQiOjMwMDAwMDAwMDAwMH19",
          "dependencies": [
            "azurerm_nat_gateway.www_nat_v1",
            "azurerm_resource_group.www_rg",
            "azurerm_subnet.www_web2_v1",
            "azurerm_virtual_network.www_vnet1"
          ]
        }
      ]
    },
    {
      "mode": "managed",
      "type": "azurerm_subnet_network_security_group_association",
      "name": "www_asso_subnsg_bas",
      "provider": "provider[\"registry.terraform.io/hashicorp/azurerm\"]",
      "instances": [
        {
          "schema_version": 0,
          "attributes": {
            "id": "/subscriptions/99b79efe-ebd6-468c-b39f-5669acb259e1/resourceGroups/04-T1-www/providers/Microsoft.Network/virtualNetworks/www-vnet0/subnets/www-bas",
            "network_security_group_id": "/subscriptions/99b79efe-ebd6-468c-b39f-5669acb259e1/resourceGroups/04-T1-www/providers/Microsoft.Network/networkSecurityGroups/www_nsg_ssh",
            "subnet_id": "/subscriptions/99b79efe-ebd6-468c-b39f-5669acb259e1/resourceGroups/04-T1-www/providers/Microsoft.Network/virtualNetworks/www-vnet0/subnets/www-bas",
            "timeouts": null
          },
          "sensitive_attributes": [],
          "identity_schema_version": 0,
          "private": "eyJlMmJmYjczMC1lY2FhLTExZTYtOGY4OC0zNDM2M2JjN2M0YzAiOnsiY3JlYXRlIjoxODAwMDAwMDAwMDAwLCJkZWxldGUiOjE4MDAwMDAwMDAwMDAsInJlYWQiOjMwMDAwMDAwMDAwMH19",
          "dependencies": [
            "azurerm_network_security_group.www_nsg_ssh",
            "azurerm_resource_group.www_rg",
            "azurerm_subnet.www_bas",
            "azurerm_virtual_network.www_vnet0"
          ]
        }
      ]
    },
    {
      "mode": "managed",
      "type": "azurerm_subnet_network_security_group_association",
      "name": "www_asso_subnsg_db",
      "provider": "provider[\"registry.terraform.io/hashicorp/azurerm\"]",
      "instances": [
        {
          "schema_version": 0,
          "attributes": {
            "id": "/subscriptions/99b79efe-ebd6-468c-b39f-5669acb259e1/resourceGroups/04-T1-www/providers/Microsoft.Network/virtualNetworks/www-vnet0/subnets/www-db",
            "network_security_group_id": "/subscriptions/99b79efe-ebd6-468c-b39f-5669acb259e1/resourceGroups/04-T1-www/providers/Microsoft.Network/networkSecurityGroups/www_nsg_db",
            "subnet_id": "/subscriptions/99b79efe-ebd6-468c-b39f-5669acb259e1/resourceGroups/04-T1-www/providers/Microsoft.Network/virtualNetworks/www-vnet0/subnets/www-db",
            "timeouts": null
          },
          "sensitive_attributes": [],
          "identity_schema_version": 0,
          "private": "eyJlMmJmYjczMC1lY2FhLTExZTYtOGY4OC0zNDM2M2JjN2M0YzAiOnsiY3JlYXRlIjoxODAwMDAwMDAwMDAwLCJkZWxldGUiOjE4MDAwMDAwMDAwMDAsInJlYWQiOjMwMDAwMDAwMDAwMH19",
          "dependencies": [
            "azurerm_network_security_group.www_nsg_db",
            "azurerm_resource_group.www_rg",
            "azurerm_subnet.www_db",
            "azurerm_virtual_network.www_vnet0"
          ]
        }
      ]
    },
    {
      "mode": "managed",
      "type": "azurerm_subnet_network_security_group_association",
      "name": "www_asso_subnsg_web1",
      "provider": "provider[\"registry.terraform.io/hashicorp/azurerm\"]",
      "instances": [
        {
          "schema_version": 0,
          "attributes": {
            "id": "/subscriptions/99b79efe-ebd6-468c-b39f-5669acb259e1/resourceGroups/04-T1-www/providers/Microsoft.Network/virtualNetworks/www-vnet0/subnets/www-web1",
            "network_security_group_id": "/subscriptions/99b79efe-ebd6-468c-b39f-5669acb259e1/resourceGroups/04-T1-www/providers/Microsoft.Network/networkSecurityGroups/www_nsg_http",
            "subnet_id": "/subscriptions/99b79efe-ebd6-468c-b39f-5669acb259e1/resourceGroups/04-T1-www/providers/Microsoft.Network/virtualNetworks/www-vnet0/subnets/www-web1",
            "timeouts": null
          },
          "sensitive_attributes": [],
          "identity_schema_version": 0,
          "private": "eyJlMmJmYjczMC1lY2FhLTExZTYtOGY4OC0zNDM2M2JjN2M0YzAiOnsiY3JlYXRlIjoxODAwMDAwMDAwMDAwLCJkZWxldGUiOjE4MDAwMDAwMDAwMDAsInJlYWQiOjMwMDAwMDAwMDAwMH19",
          "dependencies": [
            "azurerm_network_security_group.www_nsg_http",
            "azurerm_resource_group.www_rg",
            "azurerm_subnet.www_web1",
            "azurerm_virtual_network.www_vnet0"
          ]
        }
      ]
    },
    {
      "mode": "managed",
      "type": "azurerm_subnet_network_security_group_association",
      "name": "www_asso_subnsg_web2",
      "provider": "provider[\"registry.terraform.io/hashicorp/azurerm\"]",
      "instances": [
        {
          "schema_version": 0,
          "attributes": {
            "id": "/subscriptions/99b79efe-ebd6-468c-b39f-5669acb259e1/resourceGroups/04-T1-www/providers/Microsoft.Network/virtualNetworks/www-vnet0/subnets/www-web2",
            "network_security_group_id": "/subscriptions/99b79efe-ebd6-468c-b39f-5669acb259e1/resourceGroups/04-T1-www/providers/Microsoft.Network/networkSecurityGroups/www_nsg_http",
            "subnet_id": "/subscriptions/99b79efe-ebd6-468c-b39f-5669acb259e1/resourceGroups/04-T1-www/providers/Microsoft.Network/virtualNetworks/www-vnet0/subnets/www-web2",
            "timeouts": null
          },
          "sensitive_attributes": [],
          "identity_schema_version": 0,
          "private": "eyJlMmJmYjczMC1lY2FhLTExZTYtOGY4OC0zNDM2M2JjN2M0YzAiOnsiY3JlYXRlIjoxODAwMDAwMDAwMDAwLCJkZWxldGUiOjE4MDAwMDAwMDAwMDAsInJlYWQiOjMwMDAwMDAwMDAwMH19",
          "dependencies": [
            "azurerm_network_security_group.www_nsg_http",
            "azurerm_resource_group.www_rg",
            "azurerm_subnet.www_web2",
            "azurerm_virtual_network.www_vnet0"
          ]
        }
      ]
    },
    {
      "mode": "managed",
      "type": "azurerm_subnet_network_security_group_association",
      "name": "www_v1_asso_subnsg_vmss",
      "provider": "provider[\"registry.terraform.io/hashicorp/azurerm\"]",
      "instances": [
        {
          "schema_version": 0,
          "attributes": {
            "id": "/subscriptions/99b79efe-ebd6-468c-b39f-5669acb259e1/resourceGroups/04-T1-www/providers/Microsoft.Network/virtualNetworks/www-vnet1/subnets/www-vmss",
            "network_security_group_id": "/subscriptions/99b79efe-ebd6-468c-b39f-5669acb259e1/resourceGroups/04-T1-www/providers/Microsoft.Network/networkSecurityGroups/www_v1_nsg_http",
            "subnet_id": "/subscriptions/99b79efe-ebd6-468c-b39f-5669acb259e1/resourceGroups/04-T1-www/providers/Microsoft.Network/virtualNetworks/www-vnet1/subnets/www-vmss",
            "timeouts": null
          },
          "sensitive_attributes": [],
          "identity_schema_version": 0,
          "private": "eyJlMmJmYjczMC1lY2FhLTExZTYtOGY4OC0zNDM2M2JjN2M0YzAiOnsiY3JlYXRlIjoxODAwMDAwMDAwMDAwLCJkZWxldGUiOjE4MDAwMDAwMDAwMDAsInJlYWQiOjMwMDAwMDAwMDAwMH19",
          "dependencies": [
            "azurerm_network_security_group.www_v1_nsg_http",
            "azurerm_resource_group.www_rg",
            "azurerm_subnet.www_vmss",
            "azurerm_virtual_network.www_vnet1"
          ]
        }
      ]
    },
    {
      "mode": "managed",
      "type": "azurerm_subnet_network_security_group_association",
      "name": "www_v1_asso_subnsg_web1",
      "provider": "provider[\"registry.terraform.io/hashicorp/azurerm\"]",
      "instances": [
        {
          "schema_version": 0,
          "attributes": {
            "id": "/subscriptions/99b79efe-ebd6-468c-b39f-5669acb259e1/resourceGroups/04-T1-www/providers/Microsoft.Network/virtualNetworks/www-vnet1/subnets/www-web1-v1",
            "network_security_group_id": "/subscriptions/99b79efe-ebd6-468c-b39f-5669acb259e1/resourceGroups/04-T1-www/providers/Microsoft.Network/networkSecurityGroups/www_v1_nsg_http",
            "subnet_id": "/subscriptions/99b79efe-ebd6-468c-b39f-5669acb259e1/resourceGroups/04-T1-www/providers/Microsoft.Network/virtualNetworks/www-vnet1/subnets/www-web1-v1",
            "timeouts": null
          },
          "sensitive_attributes": [],
          "identity_schema_version": 0,
          "private": "eyJlMmJmYjczMC1lY2FhLTExZTYtOGY4OC0zNDM2M2JjN2M0YzAiOnsiY3JlYXRlIjoxODAwMDAwMDAwMDAwLCJkZWxldGUiOjE4MDAwMDAwMDAwMDAsInJlYWQiOjMwMDAwMDAwMDAwMH19",
          "dependencies": [
            "azurerm_network_security_group.www_v1_nsg_http",
            "azurerm_resource_group.www_rg",
            "azurerm_subnet.www_web1_v1",
            "azurerm_virtual_network.www_vnet1"
          ]
        }
      ]
    },
    {
      "mode": "managed",
      "type": "azurerm_virtual_network",
      "name": "www_vnet0",
      "provider": "provider[\"registry.terraform.io/hashicorp/azurerm\"]",
      "instances": [
        {
          "schema_version": 0,
          "attributes": {
            "address_space": [
              "10.0.0.0/16"
            ],
            "bgp_community": "",
            "ddos_protection_plan": [],
            "dns_servers": [],
            "edge_zone": "",
            "encryption": [],
            "flow_timeout_in_minutes": 0,
            "guid": "99cee540-1ac9-49b7-960c-e92b4378feab",
            "id": "/subscriptions/99b79efe-ebd6-468c-b39f-5669acb259e1/resourceGroups/04-T1-www/providers/Microsoft.Network/virtualNetworks/www-vnet0",
            "ip_address_pool": [],
            "location": "koreacentral",
            "name": "www-vnet0",
            "private_endpoint_vnet_policies": "Disabled",
            "resource_group_name": "04-T1-www",
            "subnet": [
              {
                "address_prefixes": [
                  "10.0.0.0/24"
                ],
                "default_outbound_access_enabled": true,
                "delegation": [],
                "id": "/subscriptions/99b79efe-ebd6-468c-b39f-5669acb259e1/resourceGroups/04-T1-www/providers/Microsoft.Network/virtualNetworks/www-vnet0/subnets/www-bas",
                "name": "www-bas",
                "private_endpoint_network_policies": "Disabled",
                "private_link_service_network_policies_enabled": true,
                "route_table_id": "",
                "security_group": "/subscriptions/99b79efe-ebd6-468c-b39f-5669acb259e1/resourceGroups/04-T1-www/providers/Microsoft.Network/networkSecurityGroups/www_nsg_ssh",
                "service_endpoint_policy_ids": [],
                "service_endpoints": []
              },
              {
                "address_prefixes": [
                  "10.0.1.0/24"
                ],
                "default_outbound_access_enabled": true,
                "delegation": [],
                "id": "/subscriptions/99b79efe-ebd6-468c-b39f-5669acb259e1/resourceGroups/04-T1-www/providers/Microsoft.Network/virtualNetworks/www-vnet0/subnets/www-nat",
                "name": "www-nat",
                "private_endpoint_network_policies": "Disabled",
                "private_link_service_network_policies_enabled": true,
                "route_table_id": "",
                "security_group": "",
                "service_endpoint_policy_ids": [],
                "service_endpoints": []
              },
              {
                "address_prefixes": [
                  "10.0.2.0/24"
                ],
                "default_outbound_access_enabled": false,
                "delegation": [],
                "id": "/subscriptions/99b79efe-ebd6-468c-b39f-5669acb259e1/resourceGroups/04-T1-www/providers/Microsoft.Network/virtualNetworks/www-vnet0/subnets/www-web1",
                "name": "www-web1",
                "private_endpoint_network_policies": "Disabled",
                "private_link_service_network_policies_enabled": true,
                "route_table_id": "",
                "security_group": "/subscriptions/99b79efe-ebd6-468c-b39f-5669acb259e1/resourceGroups/04-T1-www/providers/Microsoft.Network/networkSecurityGroups/www_nsg_http",
                "service_endpoint_policy_ids": [],
                "service_endpoints": []
              },
              {
                "address_prefixes": [
                  "10.0.3.0/24"
                ],
                "default_outbound_access_enabled": false,
                "delegation": [],
                "id": "/subscriptions/99b79efe-ebd6-468c-b39f-5669acb259e1/resourceGroups/04-T1-www/providers/Microsoft.Network/virtualNetworks/www-vnet0/subnets/www-web2",
                "name": "www-web2",
                "private_endpoint_network_policies": "Disabled",
                "private_link_service_network_policies_enabled": true,
                "route_table_id": "",
                "security_group": "/subscriptions/99b79efe-ebd6-468c-b39f-5669acb259e1/resourceGroups/04-T1-www/providers/Microsoft.Network/networkSecurityGroups/www_nsg_http",
                "service_endpoint_policy_ids": [],
                "service_endpoints": []
              },
              {
                "address_prefixes": [
                  "10.0.4.0/24"
                ],
                "default_outbound_access_enabled": false,
                "delegation": [],
                "id": "/subscriptions/99b79efe-ebd6-468c-b39f-5669acb259e1/resourceGroups/04-T1-www/providers/Microsoft.Network/virtualNetworks/www-vnet0/subnets/www-db",
                "name": "www-db",
                "private_endpoint_network_policies": "Disabled",
                "private_link_service_network_policies_enabled": true,
                "route_table_id": "",
                "security_group": "/subscriptions/99b79efe-ebd6-468c-b39f-5669acb259e1/resourceGroups/04-T1-www/providers/Microsoft.Network/networkSecurityGroups/www_nsg_db",
                "service_endpoint_policy_ids": [],
                "service_endpoints": [
                  "Microsoft.Storage"
                ]
              }
            ],
            "tags": {},
            "timeouts": null
          },
          "sensitive_attributes": [],
          "identity_schema_version": 0,
          "identity": {
            "name": "www-vnet0",
            "resource_group_name": "04-T1-www",
            "subscription_id": "99b79efe-ebd6-468c-b39f-5669acb259e1"
          },
          "private": "eyJlMmJmYjczMC1lY2FhLTExZTYtOGY4OC0zNDM2M2JjN2M0YzAiOnsiY3JlYXRlIjoxODAwMDAwMDAwMDAwLCJkZWxldGUiOjE4MDAwMDAwMDAwMDAsInJlYWQiOjMwMDAwMDAwMDAwMCwidXBkYXRlIjoxODAwMDAwMDAwMDAwfX0=",
          "dependencies": [
            "azurerm_resource_group.www_rg"
          ]
        }
      ]
    },
    {
      "mode": "managed",
      "type": "azurerm_virtual_network",
      "name": "www_vnet1",
      "provider": "provider[\"registry.terraform.io/hashicorp/azurerm\"]",
      "instances": [
        {
          "schema_version": 0,
          "attributes": {
            "address_space": [
              "192.168.0.0/16"
            ],
            "bgp_community": "",
            "ddos_protection_plan": [],
            "dns_servers": [],
            "edge_zone": "",
            "encryption": [],
            "flow_timeout_in_minutes": 0,
            "guid": "d089a2c1-d2cc-452a-b257-e0d6ff877f09",
            "id": "/subscriptions/99b79efe-ebd6-468c-b39f-5669acb259e1/resourceGroups/04-T1-www/providers/Microsoft.Network/virtualNetworks/www-vnet1",
            "ip_address_pool": [],
            "location": "koreasouth",
            "name": "www-vnet1",
            "private_endpoint_vnet_policies": "Disabled",
            "resource_group_name": "04-T1-www",
            "subnet": [
              {
                "address_prefixes": [
                  "192.168.0.0/24"
                ],
                "default_outbound_access_enabled": true,
                "delegation": [],
                "id": "/subscriptions/99b79efe-ebd6-468c-b39f-5669acb259e1/resourceGroups/04-T1-www/providers/Microsoft.Network/virtualNetworks/www-vnet1/subnets/www-appgw",
                "name": "www-appgw",
                "private_endpoint_network_policies": "Disabled",
                "private_link_service_network_policies_enabled": true,
                "route_table_id": "",
                "security_group": "",
                "service_endpoint_policy_ids": [],
                "service_endpoints": []
              },
              {
                "address_prefixes": [
                  "192.168.1.0/24"
                ],
                "default_outbound_access_enabled": true,
                "delegation": [],
                "id": "/subscriptions/99b79efe-ebd6-468c-b39f-5669acb259e1/resourceGroups/04-T1-www/providers/Microsoft.Network/virtualNetworks/www-vnet1/subnets/www-nat-v1",
                "name": "www-nat-v1",
                "private_endpoint_network_policies": "Disabled",
                "private_link_service_network_policies_enabled": true,
                "route_table_id": "",
                "security_group": "",
                "service_endpoint_policy_ids": [],
                "service_endpoints": []
              },
              {
                "address_prefixes": [
                  "192.168.2.0/24"
                ],
                "default_outbound_access_enabled": false,
                "delegation": [],
                "id": "/subscriptions/99b79efe-ebd6-468c-b39f-5669acb259e1/resourceGroups/04-T1-www/providers/Microsoft.Network/virtualNetworks/www-vnet1/subnets/www-web1-v1",
                "name": "www-web1-v1",
                "private_endpoint_network_policies": "Disabled",
                "private_link_service_network_policies_enabled": true,
                "route_table_id": "",
                "security_group": "/subscriptions/99b79efe-ebd6-468c-b39f-5669acb259e1/resourceGroups/04-T1-www/providers/Microsoft.Network/networkSecurityGroups/www_v1_nsg_http",
                "service_endpoint_policy_ids": [],
                "service_endpoints": []
              },
              {
                "address_prefixes": [
                  "192.168.3.0/24"
                ],
                "default_outbound_access_enabled": false,
                "delegation": [],
                "id": "/subscriptions/99b79efe-ebd6-468c-b39f-5669acb259e1/resourceGroups/04-T1-www/providers/Microsoft.Network/virtualNetworks/www-vnet1/subnets/www-web2-v1",
                "name": "www-web2-v1",
                "private_endpoint_network_policies": "Disabled",
                "private_link_service_network_policies_enabled": true,
                "route_table_id": "",
                "security_group": "",
                "service_endpoint_policy_ids": [],
                "service_endpoints": []
              },
              {
                "address_prefixes": [
                  "192.168.4.0/24"
                ],
                "default_outbound_access_enabled": false,
                "delegation": [],
                "id": "/subscriptions/99b79efe-ebd6-468c-b39f-5669acb259e1/resourceGroups/04-T1-www/providers/Microsoft.Network/virtualNetworks/www-vnet1/subnets/www-vmss",
                "name": "www-vmss",
                "private_endpoint_network_policies": "Disabled",
                "private_link_service_network_policies_enabled": true,
                "route_table_id": "",
                "security_group": "/subscriptions/99b79efe-ebd6-468c-b39f-5669acb259e1/resourceGroups/04-T1-www/providers/Microsoft.Network/networkSecurityGroups/www_v1_nsg_http",
                "service_endpoint_policy_ids": [],
                "service_endpoints": []
              }
            ],
            "tags": {},
            "timeouts": null
          },
          "sensitive_attributes": [],
          "identity_schema_version": 0,
          "identity": {
            "name": "www-vnet1",
            "resource_group_name": "04-T1-www",
            "subscription_id": "99b79efe-ebd6-468c-b39f-5669acb259e1"
          },
          "private": "eyJlMmJmYjczMC1lY2FhLTExZTYtOGY4OC0zNDM2M2JjN2M0YzAiOnsiY3JlYXRlIjoxODAwMDAwMDAwMDAwLCJkZWxldGUiOjE4MDAwMDAwMDAwMDAsInJlYWQiOjMwMDAwMDAwMDAwMCwidXBkYXRlIjoxODAwMDAwMDAwMDAwfX0=",
          "dependencies": [
            "azurerm_resource_group.www_rg"
          ]
        }
      ]
    },
    {
      "mode": "managed",
      "type": "azurerm_virtual_network_peering",
      "name": "peer_ctr_sth",
      "provider": "provider[\"registry.terraform.io/hashicorp/azurerm\"]",
      "instances": [
        {
          "schema_version": 0,
          "attributes": {
            "allow_forwarded_traffic": false,
            "allow_gateway_transit": false,
            "allow_virtual_network_access": true,
            "id": "/subscriptions/99b79efe-ebd6-468c-b39f-5669acb259e1/resourceGroups/04-T1-www/providers/Microsoft.Network/virtualNetworks/www-vnet0/virtualNetworkPeerings/ctr-sth",
            "local_subnet_names": [],
            "name": "ctr-sth",
            "only_ipv6_peering_enabled": false,
            "peer_complete_virtual_networks_enabled": true,
            "remote_subnet_names": [],
            "remote_virtual_network_id": "/subscriptions/99b79efe-ebd6-468c-b39f-5669acb259e1/resourceGroups/04-T1-www/providers/Microsoft.Network/virtualNetworks/www-vnet1",
            "resource_group_name": "04-T1-www",
            "timeouts": null,
            "triggers": null,
            "use_remote_gateways": false,
            "virtual_network_name": "www-vnet0"
          },
          "sensitive_attributes": [],
          "identity_schema_version": 0,
          "private": "eyJlMmJmYjczMC1lY2FhLTExZTYtOGY4OC0zNDM2M2JjN2M0YzAiOnsiY3JlYXRlIjoxODAwMDAwMDAwMDAwLCJkZWxldGUiOjE4MDAwMDAwMDAwMDAsInJlYWQiOjMwMDAwMDAwMDAwMCwidXBkYXRlIjoxODAwMDAwMDAwMDAwfX0=",
          "dependencies": [
            "azurerm_resource_group.www_rg",
            "azurerm_virtual_network.www_vnet0",
            "azurerm_virtual_network.www_vnet1"
          ]
        }
      ]
    },
    {
      "mode": "managed",
      "type": "azurerm_virtual_network_peering",
      "name": "peer_sth_ctr",
      "provider": "provider[\"registry.terraform.io/hashicorp/azurerm\"]",
      "instances": [
        {
          "schema_version": 0,
          "attributes": {
            "allow_forwarded_traffic": false,
            "allow_gateway_transit": false,
            "allow_virtual_network_access": true,
            "id": "/subscriptions/99b79efe-ebd6-468c-b39f-5669acb259e1/resourceGroups/04-T1-www/providers/Microsoft.Network/virtualNetworks/www-vnet1/virtualNetworkPeerings/sth-ctr",
            "local_subnet_names": [],
            "name": "sth-ctr",
            "only_ipv6_peering_enabled": false,
            "peer_complete_virtual_networks_enabled": true,
            "remote_subnet_names": [],
            "remote_virtual_network_id": "/subscriptions/99b79efe-ebd6-468c-b39f-5669acb259e1/resourceGroups/04-T1-www/providers/Microsoft.Network/virtualNetworks/www-vnet0",
            "resource_group_name": "04-T1-www",
            "timeouts": null,
            "triggers": null,
            "use_remote_gateways": false,
            "virtual_network_name": "www-vnet1"
          },
          "sensitive_attributes": [],
          "identity_schema_version": 0,
          "private": "eyJlMmJmYjczMC1lY2FhLTExZTYtOGY4OC0zNDM2M2JjN2M0YzAiOnsiY3JlYXRlIjoxODAwMDAwMDAwMDAwLCJkZWxldGUiOjE4MDAwMDAwMDAwMDAsInJlYWQiOjMwMDAwMDAwMDAwMCwidXBkYXRlIjoxODAwMDAwMDAwMDAwfX0=",
          "dependencies": [
            "azurerm_resource_group.www_rg",
            "azurerm_virtual_network.www_vnet0",
            "azurerm_virtual_network.www_vnet1"
          ]
        }
      ]
    },
    {
      "mode": "managed",
      "type": "null_resource",
      "name": "www_web2_deallocate",
      "provider": "provider[\"registry.terraform.io/hashicorp/null\"]",
      "instances": [
        {
          "schema_version": 0,
          "attributes": {
            "id": "2332798882932750615",
            "triggers": {
              "virtual_machine_id": "/subscriptions/99b79efe-ebd6-468c-b39f-5669acb259e1/resourceGroups/04-T1-www/providers/Microsoft.Compute/virtualMachines/www-web2vm"
            }
          },
          "sensitive_attributes": [],
          "identity_schema_version": 0,
          "dependencies": [
            "azurerm_linux_virtual_machine.www_web2vm",
            "azurerm_nat_gateway.www_nat",
            "azurerm_network_interface.www_web2_nic",
            "azurerm_resource_group.www_rg",
            "azurerm_subnet.www_web2",
            "azurerm_virtual_network.www_vnet0"
          ]
        }
      ]
    },
    {
      "mode": "managed",
      "type": "random_string",
      "name": "adf_suffix",
      "provider": "provider[\"registry.terraform.io/hashicorp/random\"]",
      "instances": [
        {
          "schema_version": 2,
          "attributes": {
            "id": "xp2q",
            "keepers": null,
            "length": 4,
            "lower": true,
            "min_lower": 0,
            "min_numeric": 0,
            "min_special": 0,
            "min_upper": 0,
            "number": true,
            "numeric": true,
            "override_special": null,
            "result": "xp2q",
            "special": false,
            "upper": false
          },
          "sensitive_attributes": [],
          "identity_schema_version": 0
        }
      ]
    },
    {
      "mode": "managed",
      "type": "random_string",
      "name": "mysql_suffix",
      "provider": "provider[\"registry.terraform.io/hashicorp/random\"]",
      "instances": [
        {
          "schema_version": 2,
          "attributes": {
            "id": "w4y9",
            "keepers": null,
            "length": 4,
            "lower": true,
            "min_lower": 0,
            "min_numeric": 0,
            "min_special": 0,
            "min_upper": 0,
            "number": true,
            "numeric": true,
            "override_special": null,
            "result": "w4y9",
            "special": false,
            "upper": false
          },
          "sensitive_attributes": [],
          "identity_schema_version": 0
        }
      ]
    },
    {
      "mode": "managed",
      "type": "random_string",
      "name": "redis_suffix",
      "provider": "provider[\"registry.terraform.io/hashicorp/random\"]",
      "instances": [
        {
          "schema_version": 2,
          "attributes": {
            "id": "135v",
            "keepers": null,
            "length": 4,
            "lower": true,
            "min_lower": 0,
            "min_numeric": 0,
            "min_special": 0,
            "min_upper": 0,
            "number": true,
            "numeric": true,
            "override_special": null,
            "result": "135v",
            "special": false,
            "upper": false
          },
          "sensitive_attributes": [],
          "identity_schema_version": 0
        }
      ]
    },
    {
      "mode": "managed",
      "type": "random_string",
      "name": "replica_suffix",
      "provider": "provider[\"registry.terraform.io/hashicorp/random\"]",
      "instances": [
        {
          "schema_version": 2,
          "attributes": {
            "id": "mv",
            "keepers": null,
            "length": 2,
            "lower": true,
            "min_lower": 0,
            "min_numeric": 0,
            "min_special": 0,
            "min_upper": 0,
            "number": true,
            "numeric": true,
            "override_special": null,
            "result": "mv",
            "special": false,
            "upper": false
          },
          "sensitive_attributes": [],
          "identity_schema_version": 0
        }
      ]
    },
    {
      "mode": "managed",
      "type": "random_string",
      "name": "sa_suffix",
      "provider": "provider[\"registry.terraform.io/hashicorp/random\"]",
      "instances": [
        {
          "schema_version": 2,
          "attributes": {
            "id": "9zd5o6",
            "keepers": null,
            "length": 6,
            "lower": true,
            "min_lower": 0,
            "min_numeric": 0,
            "min_special": 0,
            "min_upper": 0,
            "number": true,
            "numeric": true,
            "override_special": null,
            "result": "9zd5o6",
            "special": false,
            "upper": false
          },
          "sensitive_attributes": [],
          "identity_schema_version": 0
        }
      ]
    },
    {
      "mode": "managed",
      "type": "time_sleep",
      "name": "wait_for_primary",
      "provider": "provider[\"registry.terraform.io/hashicorp/time\"]",
      "instances": [
        {
          "schema_version": 0,
          "attributes": {
            "create_duration": "2m",
            "destroy_duration": null,
            "id": "2025-11-27T11:56:37Z",
            "triggers": null
          },
          "sensitive_attributes": [],
          "identity_schema_version": 0,
          "dependencies": [
            "azurerm_mysql_flexible_server.www_mysql",
            "azurerm_resource_group.www_rg",
            "random_string.mysql_suffix"
          ]
        }
      ]
    }
  ],
  "check_results": null
}
